{
  "version": 4,
  "terraform_version": "1.2.4",
  "serial": 257,
  "lineage": "650b77a1-5320-42fd-5487-8699658a278b",
  "outputs": {
    "caldera_server_id": {
      "value": "i-090d1e72dd5c5f759",
      "type": "string"
    },
    "caldera_server_ip": {
      "value": "18.215.183.42",
      "type": "string"
    },
    "rsa_private_key": {
      "value": "-----BEGIN RSA PRIVATE KEY-----\nMIIJKgIBAAKCAgEAw07rTlG9m03x+AVodqwIMU4P/w8TFw49aND2vDmVDjY2Bkhb\nbvSq/b4IViWT7OOE5tFXxXp7mvYMbsHROEmLV2fmiaIksFHuiPa1zVL5MXJkMiIx\nU/ujbUY5SPwrO2Vockmwg70NAUVmhvdvf0NSl42/yhclUKWP0Ix60emn4/HjEp79\nz+W1t0M8RdTKoRUQkwSy6R5SguTo5CkLZfIB5TPlzsj8xXJckWTDytyIB/nSdUuG\nj5dBya6xOpH3QJKGLsjInUCkHvWrFG5RSpSt8oy/81S89Vvb9uGZrzujfwah5Z9h\nCqetBuJFeDkaKBIw/dIPRZcsE4gKnTJLeDvUQI9suRsFZZtaDx0iMTYRX0oIRS7j\nrkwoRWtw0dB72HItCjptCmGhSF7Q4t438sa7qm1bK9phPqUkL6t6TT5y9Pyu6/aQ\ngT3IBPlXnTRa5ijhCH+3rPXCM9vUF7QJ7zhQDg5YIB8PmSBBcxehRmA0CbtYovzS\niM6gHonzz1aWA2yaM47G631I4oYwEtOJdoxn8TT9kUwZ5a+zkgqgvk7knDTbPuE1\nTOA4f4U2b8D+xH6H4XMEnItUB1oN6ckhJts0x+5EH8QKxAeoA7vWpjgJKw6PMq+/\nFaGJ1zi52X4oxMpjTyZ5GkZxVbW9/osO5ggR9HOP8PVqPuv73ui94wZO75kCAwEA\nAQKCAgEAnJKZC1l2UpnjIH1daL2zd6toIYa5PCN7UZssImtbNmB5YQIC4umcZv1A\ne6d2dlNTiSNMZREzJGCaSPRyQNicr36pD6+AECYuv3hg+PDKuzxEXPiSaQxz0Lea\nVwtpsR0z5WNz8bjOQzWa4xpcNT8IaF0H4wA5NvTzXTIxiDT0FkYlTxlMyq0Rx5BM\nMoNLymUzu1jqAP8BENRoa/kHnTutD01SrzrrgXKUCS8p02iGWTaK5OOeRWDyKbg1\ndonsGMUec0UdpwtaR0OVWjSyUMLuzGLPw0gsj9qLddkYNqXuBXiQs5/Y0QzpJnqh\nTKcic/tZcTJEcfqmKCZItArM+9+i4JQozsn2nm2uEPBTwWCMp9nFJybUfpRoie7J\nxLAxxMl+881c/bGnwWemFnBNRJ6Kg45Z6XP/d/NZgyLj2iJv1sxLfD8yBUUS3YgM\nogicA4GWglrXEqu7YEdrg6uq1mLOmBpmEDhmpC4PIzlCPirpqOi5kUvoA3DE1qNT\nd/tsMNUShBIIi6MEi1cw5/4pXQv3FUJ3waFGMiLdyKJVtxr6v1VS9afqDl69wZ0g\na9oygrK0SPdYFh4XEok8IwN3VnG2EPiUdmgoKtqac8kYY4rZiy6Gf/RGBl0FYKb3\n1lE7UxSag1Y660AURd2yR6IrJp9UmAJZTy22siHrHdmDvwKUcQECggEBANi4l48g\n442Ove+awblzniCtlY5uWpTTJTKlkEVXOCwUeQGSy+Bfyeczpb4MI9OwwoZcfusL\nATG2aKQi0FVkgL3JI8IvSiS9AKNMkFC7yloG7Z1Mn+WRx5+bZvUvD6iiwECo/gIE\nD2CQ0VPtpNbE6vZlzHaDQb9tP0xLoRA/VtFIa4xRoaP7WvdrXDb6c23o1P1RYma0\nKcGQjmIavlR6S2N8706eh5A1rrQJbwa62PT4lRGEwR/hvY/15OutYo+mp0qc98rm\nW1DAzcwIzu/NRlDl9hOSnCKtY2sph/6F6DGGMzGzGR2+1OfNeC/Vc/9mEuE7dGay\n4YIbUAjHgPBHS6ECggEBAOa00X3BWvqyOafxsq2UndQVkGsFxbra1RmOsAn7zcNJ\nx16SdM+59VJnpRq8GagVEw8w9h8Rp2uipHmuelJWliN+LIcL5ix4JRwD0a0uF/mp\njNUq5XIAO6beUENLOYo0hegBQyWwjzod2+MuW/csyS+E5eew/YxGuI1E9YeCJCYq\nomVC2qYvD0FVEnRN+hpv4eFf2VkkK/IJBEWLkm3+Tws7zum5/kEf6vbAvUJLxTGs\nXCe5oQGoOXv7tUnEi3EWC2bF33YiryEM9iMy99Htcencmd9GJSLyO/2p0yrG+Ibs\nxRqUF6pW1zH+AXCvKvNRmbnPmCfWYSrW6ppQ3T5aYPkCggEBAKmJHeb1z405kRQT\neGDfNWBS6qAVa/7ofjz0j7vu0x6IlXDJqXvI82VOXeYiERTVPhdl3FN6tGBzVcCx\nC1EB4kSVSMfrvpCm2gzlJDBD97Qdn1xiSOOJ+yO8qfo76n/9cXAjwzFIg88C+v4w\n9badLUG7uQss+w4JJG9G6qSPKBdoE9odMdnaE/thnS3VFt9wOM5CEDxPzCqELx5H\n1YS4dqlJXtud4GbL1/M3PgeBu59HpzWhKIMMUQKBVaeYZ3YA5PXVfXLYaa7uZQ+s\nBFZLuyol+y6sjkACa7e1MZHGpzG2ze2fMZK3ak47yj2BOdEdxL81h4WfghIJ075K\nc2+EFoECggEAN89aNl/GEIt44yXXIaKoI5wr2ZgF41P45TvdXizp8+ovLrOjSnUj\n4ZFtIXCLjFu8xpoDkDSHGcS4oS8SLEUCAQgO4YSBZBSUdZh+6rQR3LWlehPseY2Q\n4Kc7J2xVORfHpP5ZLg7uNxLuFKEsYjkVWkd+DnSEgaDCGHqsIuHauNjrfC+WEUml\nGRrpYfVTIX4bWJgFTkkv0FdaDzDadX1lxcPsJCJ4XWzJPHQX1Kfbxk555KpFRs9Z\nSKL1kijXyr2YeH45tqxhTU+DY7R6uvAD9J0HJDol1bRfyteAXALSMGGqtOlKaEyl\ntlRKKOZXL5F37LlJh6mWy/Q9wKL7QpA+kQKCAQEAur6CXtwESSlk3Ef4MNiOBhUd\n3h/46IqW5Jau0mu7Uum0JXe3gAVM2XuIiDz2BV1jgYP3LzgCqo2Kf6dPdpOiq6qE\nwenBIgp4Gz9x11T21LJKeJYvjlm4l7rsj75tPmXdLMdECbCeqyqRqj4MqstIUkml\nuylEQJJdJnlVSYSe/lN/FwVne8bdoc9nO3ec2oYAY37+I6tcg9d8MQkRhANz5JNt\nk5Y8V+cAAEXHHicXKEgH+3o++yQ9pfJ7+90B6yVx1HrRIr3Hq4WJi13Oq2f2BUsF\nUK7oqp5Rk/O0hF0OgPhuIOOzPr37FBTzxfC/QA0rnp1uETaLEhQPcAeJAtnvEQ==\n-----END RSA PRIVATE KEY-----\n",
      "type": "string"
    }
  },
  "resources": [
    {
      "mode": "managed",
      "type": "aws_instance",
      "name": "caldera_server",
      "provider": "provider[\"registry.terraform.io/hashicorp/aws\"]",
      "instances": [
        {
          "schema_version": 1,
          "attributes": {
            "ami": "ami-09d56f8956ab235b3",
            "arn": "arn:aws:ec2:us-east-1:729186614334:instance/i-090d1e72dd5c5f759",
            "associate_public_ip_address": true,
            "availability_zone": "us-east-1a",
            "capacity_reservation_specification": [
              {
                "capacity_reservation_preference": "open",
                "capacity_reservation_target": []
              }
            ],
            "cpu_core_count": 1,
            "cpu_threads_per_core": 2,
            "credit_specification": [
              {
                "cpu_credits": "unlimited"
              }
            ],
            "disable_api_stop": false,
            "disable_api_termination": false,
            "ebs_block_device": [],
            "ebs_optimized": false,
            "enclave_options": [
              {
                "enabled": false
              }
            ],
            "ephemeral_block_device": [],
            "get_password_data": false,
            "hibernation": false,
            "host_id": null,
            "host_resource_group_arn": null,
            "iam_instance_profile": "",
            "id": "i-090d1e72dd5c5f759",
            "instance_initiated_shutdown_behavior": "stop",
            "instance_state": "running",
            "instance_type": "t3.medium",
            "ipv6_address_count": 0,
            "ipv6_addresses": [],
            "key_name": "caldera-nodes",
            "launch_template": [],
            "maintenance_options": [
              {
                "auto_recovery": "default"
              }
            ],
            "metadata_options": [
              {
                "http_endpoint": "enabled",
                "http_put_response_hop_limit": 1,
                "http_tokens": "optional",
                "instance_metadata_tags": "disabled"
              }
            ],
            "monitoring": false,
            "network_interface": [],
            "outpost_arn": "",
            "password_data": "",
            "placement_group": "",
            "placement_partition_number": null,
            "primary_network_interface_id": "eni-0a967f831b419fc1e",
            "private_dns": "ip-172-23-4-95.ec2.internal",
            "private_dns_name_options": [
              {
                "enable_resource_name_dns_a_record": false,
                "enable_resource_name_dns_aaaa_record": false,
                "hostname_type": "ip-name"
              }
            ],
            "private_ip": "172.23.4.95",
            "public_dns": "ec2-18-215-183-42.compute-1.amazonaws.com",
            "public_ip": "18.215.183.42",
            "root_block_device": [
              {
                "delete_on_termination": true,
                "device_name": "/dev/sda1",
                "encrypted": false,
                "iops": 100,
                "kms_key_id": "",
                "tags": {},
                "throughput": 0,
                "volume_id": "vol-0560d6839ff9f4419",
                "volume_size": 8,
                "volume_type": "gp2"
              }
            ],
            "secondary_private_ips": [],
            "security_groups": [],
            "source_dest_check": true,
            "subnet_id": "subnet-0e6a01043a943a53f",
            "tags": {
              "Name": "caldera_server",
              "environment": "caldera-test"
            },
            "tags_all": {
              "Name": "caldera_server",
              "environment": "caldera-test"
            },
            "tenancy": "default",
            "timeouts": null,
            "user_data": null,
            "user_data_base64": null,
            "user_data_replace_on_change": false,
            "volume_tags": null,
            "vpc_security_group_ids": [
              "sg-063f1e64793cac68d"
            ]
          },
          "sensitive_attributes": [],
          "private": "eyJlMmJmYjczMC1lY2FhLTExZTYtOGY4OC0zNDM2M2JjN2M0YzAiOnsiY3JlYXRlIjo2MDAwMDAwMDAwMDAsImRlbGV0ZSI6MTIwMDAwMDAwMDAwMCwidXBkYXRlIjo2MDAwMDAwMDAwMDB9LCJzY2hlbWFfdmVyc2lvbiI6IjEifQ==",
          "dependencies": [
            "aws_security_group.sg_caldera_server",
            "module.aws_rsa_key.aws_key_pair.worker",
            "module.aws_rsa_key.local_file.ssh_local",
            "module.aws_rsa_key.tls_private_key.ssh_key",
            "module.vpc.aws_cloudwatch_log_group.flow_log",
            "module.vpc.aws_customer_gateway.this",
            "module.vpc.aws_db_subnet_group.database",
            "module.vpc.aws_default_network_acl.this",
            "module.vpc.aws_default_route_table.default",
            "module.vpc.aws_default_security_group.this",
            "module.vpc.aws_default_vpc.this",
            "module.vpc.aws_egress_only_internet_gateway.this",
            "module.vpc.aws_eip.nat",
            "module.vpc.aws_elasticache_subnet_group.elasticache",
            "module.vpc.aws_flow_log.this",
            "module.vpc.aws_iam_policy.vpc_flow_log_cloudwatch",
            "module.vpc.aws_iam_role.vpc_flow_log_cloudwatch",
            "module.vpc.aws_iam_role_policy_attachment.vpc_flow_log_cloudwatch",
            "module.vpc.aws_internet_gateway.this",
            "module.vpc.aws_nat_gateway.this",
            "module.vpc.aws_network_acl.database",
            "module.vpc.aws_network_acl.elasticache",
            "module.vpc.aws_network_acl.intra",
            "module.vpc.aws_network_acl.outpost",
            "module.vpc.aws_network_acl.private",
            "module.vpc.aws_network_acl.public",
            "module.vpc.aws_network_acl.redshift",
            "module.vpc.aws_network_acl_rule.database_inbound",
            "module.vpc.aws_network_acl_rule.database_outbound",
            "module.vpc.aws_network_acl_rule.elasticache_inbound",
            "module.vpc.aws_network_acl_rule.elasticache_outbound",
            "module.vpc.aws_network_acl_rule.intra_inbound",
            "module.vpc.aws_network_acl_rule.intra_outbound",
            "module.vpc.aws_network_acl_rule.outpost_inbound",
            "module.vpc.aws_network_acl_rule.outpost_outbound",
            "module.vpc.aws_network_acl_rule.private_inbound",
            "module.vpc.aws_network_acl_rule.private_outbound",
            "module.vpc.aws_network_acl_rule.public_inbound",
            "module.vpc.aws_network_acl_rule.public_outbound",
            "module.vpc.aws_network_acl_rule.redshift_inbound",
            "module.vpc.aws_network_acl_rule.redshift_outbound",
            "module.vpc.aws_redshift_subnet_group.redshift",
            "module.vpc.aws_route.database_internet_gateway",
            "module.vpc.aws_route.database_ipv6_egress",
            "module.vpc.aws_route.database_nat_gateway",
            "module.vpc.aws_route.private_ipv6_egress",
            "module.vpc.aws_route.private_nat_gateway",
            "module.vpc.aws_route.public_internet_gateway",
            "module.vpc.aws_route.public_internet_gateway_ipv6",
            "module.vpc.aws_route_table.database",
            "module.vpc.aws_route_table.elasticache",
            "module.vpc.aws_route_table.intra",
            "module.vpc.aws_route_table.private",
            "module.vpc.aws_route_table.public",
            "module.vpc.aws_route_table.redshift",
            "module.vpc.aws_route_table_association.database",
            "module.vpc.aws_route_table_association.elasticache",
            "module.vpc.aws_route_table_association.intra",
            "module.vpc.aws_route_table_association.outpost",
            "module.vpc.aws_route_table_association.private",
            "module.vpc.aws_route_table_association.public",
            "module.vpc.aws_route_table_association.redshift",
            "module.vpc.aws_route_table_association.redshift_public",
            "module.vpc.aws_subnet.database",
            "module.vpc.aws_subnet.elasticache",
            "module.vpc.aws_subnet.intra",
            "module.vpc.aws_subnet.outpost",
            "module.vpc.aws_subnet.private",
            "module.vpc.aws_subnet.public",
            "module.vpc.aws_subnet.redshift",
            "module.vpc.aws_vpc.this",
            "module.vpc.aws_vpc_dhcp_options.this",
            "module.vpc.aws_vpc_dhcp_options_association.this",
            "module.vpc.aws_vpc_ipv4_cidr_block_association.this",
            "module.vpc.aws_vpn_gateway.this",
            "module.vpc.aws_vpn_gateway_attachment.this",
            "module.vpc.aws_vpn_gateway_route_propagation.intra",
            "module.vpc.aws_vpn_gateway_route_propagation.private",
            "module.vpc.aws_vpn_gateway_route_propagation.public",
            "module.vpc.data.aws_iam_policy_document.flow_log_cloudwatch_assume_role",
            "module.vpc.data.aws_iam_policy_document.vpc_flow_log_cloudwatch"
          ]
        }
      ]
    },
    {
      "mode": "managed",
      "type": "aws_security_group",
      "name": "sg_caldera_server",
      "provider": "provider[\"registry.terraform.io/hashicorp/aws\"]",
      "instances": [
        {
          "schema_version": 1,
          "attributes": {
            "arn": "arn:aws:ec2:us-east-1:729186614334:security-group/sg-063f1e64793cac68d",
            "description": "Allow ports for caldera server",
            "egress": [
              {
                "cidr_blocks": [
                  "0.0.0.0/0"
                ],
                "description": "",
                "from_port": 0,
                "ipv6_cidr_blocks": [],
                "prefix_list_ids": [],
                "protocol": "-1",
                "security_groups": [],
                "self": false,
                "to_port": 0
              }
            ],
            "id": "sg-063f1e64793cac68d",
            "ingress": [
              {
                "cidr_blocks": [
                  "0.0.0.0/0"
                ],
                "description": "Caldera server port",
                "from_port": 2288,
                "ipv6_cidr_blocks": [],
                "prefix_list_ids": [],
                "protocol": "tcp",
                "security_groups": [],
                "self": false,
                "to_port": 2288
              },
              {
                "cidr_blocks": [
                  "0.0.0.0/0"
                ],
                "description": "SSH from VPC",
                "from_port": 22,
                "ipv6_cidr_blocks": [],
                "prefix_list_ids": [],
                "protocol": "tcp",
                "security_groups": [],
                "self": false,
                "to_port": 22
              }
            ],
            "name": "sg_caldera_server",
            "name_prefix": "",
            "owner_id": "729186614334",
            "revoke_rules_on_delete": false,
            "tags": {
              "environment": "caldera-test"
            },
            "tags_all": {
              "environment": "caldera-test"
            },
            "timeouts": null,
            "vpc_id": "vpc-0c7e18476be05b8a1"
          },
          "sensitive_attributes": [],
          "private": "eyJlMmJmYjczMC1lY2FhLTExZTYtOGY4OC0zNDM2M2JjN2M0YzAiOnsiY3JlYXRlIjo2MDAwMDAwMDAwMDAsImRlbGV0ZSI6OTAwMDAwMDAwMDAwfSwic2NoZW1hX3ZlcnNpb24iOiIxIn0=",
          "dependencies": [
            "module.vpc.aws_vpc.this"
          ]
        }
      ]
    },
    {
      "module": "module.aws_rsa_key",
      "mode": "managed",
      "type": "aws_key_pair",
      "name": "worker",
      "provider": "provider[\"registry.terraform.io/hashicorp/aws\"]",
      "instances": [
        {
          "schema_version": 1,
          "attributes": {
            "arn": "arn:aws:ec2:us-east-1:729186614334:key-pair/caldera-nodes",
            "fingerprint": "4c:de:29:3a:63:5e:0e:e6:46:24:85:87:f4:60:2f:d5",
            "id": "caldera-nodes",
            "key_name": "caldera-nodes",
            "key_name_prefix": "",
            "key_pair_id": "key-02122ba5fe69c5642",
            "key_type": "rsa",
            "public_key": "ssh-rsa AAAAB3NzaC1yc2EAAAADAQABAAACAQDDTutOUb2bTfH4BWh2rAgxTg//DxMXDj1o0Pa8OZUONjYGSFtu9Kr9vghWJZPs44Tm0VfFenua9gxuwdE4SYtXZ+aJoiSwUe6I9rXNUvkxcmQyIjFT+6NtRjlI/Cs7ZWhySbCDvQ0BRWaG929/Q1KXjb/KFyVQpY/QjHrR6afj8eMSnv3P5bW3QzxF1MqhFRCTBLLpHlKC5OjkKQtl8gHlM+XOyPzFclyRZMPK3IgH+dJ1S4aPl0HJrrE6kfdAkoYuyMidQKQe9asUblFKlK3yjL/zVLz1W9v24ZmvO6N/BqHln2EKp60G4kV4ORooEjD90g9FlywTiAqdMkt4O9RAj2y5GwVlm1oPHSIxNhFfSghFLuOuTChFa3DR0HvYci0KOm0KYaFIXtDi3jfyxruqbVsr2mE+pSQvq3pNPnL0/K7r9pCBPcgE+VedNFrmKOEIf7es9cIz29QXtAnvOFAODlggHw+ZIEFzF6FGYDQJu1ii/NKIzqAeifPPVpYDbJozjsbrfUjihjAS04l2jGfxNP2RTBnlr7OSCqC+TuScNNs+4TVM4Dh/hTZvwP7EfofhcwSci1QHWg3pySEm2zTH7kQfxArEB6gDu9amOAkrDo8yr78VoYnXOLnZfijEymNPJnkaRnFVtb3+iw7mCBH0c4/w9Wo+6/ve6L3jBk7vmQ==",
            "tags": null,
            "tags_all": {}
          },
          "sensitive_attributes": [],
          "private": "eyJzY2hlbWFfdmVyc2lvbiI6IjEifQ==",
          "dependencies": [
            "module.aws_rsa_key.tls_private_key.ssh_key",
            "module.vpc.aws_cloudwatch_log_group.flow_log",
            "module.vpc.aws_customer_gateway.this",
            "module.vpc.aws_db_subnet_group.database",
            "module.vpc.aws_default_network_acl.this",
            "module.vpc.aws_default_route_table.default",
            "module.vpc.aws_default_security_group.this",
            "module.vpc.aws_default_vpc.this",
            "module.vpc.aws_egress_only_internet_gateway.this",
            "module.vpc.aws_eip.nat",
            "module.vpc.aws_elasticache_subnet_group.elasticache",
            "module.vpc.aws_flow_log.this",
            "module.vpc.aws_iam_policy.vpc_flow_log_cloudwatch",
            "module.vpc.aws_iam_role.vpc_flow_log_cloudwatch",
            "module.vpc.aws_iam_role_policy_attachment.vpc_flow_log_cloudwatch",
            "module.vpc.aws_internet_gateway.this",
            "module.vpc.aws_nat_gateway.this",
            "module.vpc.aws_network_acl.database",
            "module.vpc.aws_network_acl.elasticache",
            "module.vpc.aws_network_acl.intra",
            "module.vpc.aws_network_acl.outpost",
            "module.vpc.aws_network_acl.private",
            "module.vpc.aws_network_acl.public",
            "module.vpc.aws_network_acl.redshift",
            "module.vpc.aws_network_acl_rule.database_inbound",
            "module.vpc.aws_network_acl_rule.database_outbound",
            "module.vpc.aws_network_acl_rule.elasticache_inbound",
            "module.vpc.aws_network_acl_rule.elasticache_outbound",
            "module.vpc.aws_network_acl_rule.intra_inbound",
            "module.vpc.aws_network_acl_rule.intra_outbound",
            "module.vpc.aws_network_acl_rule.outpost_inbound",
            "module.vpc.aws_network_acl_rule.outpost_outbound",
            "module.vpc.aws_network_acl_rule.private_inbound",
            "module.vpc.aws_network_acl_rule.private_outbound",
            "module.vpc.aws_network_acl_rule.public_inbound",
            "module.vpc.aws_network_acl_rule.public_outbound",
            "module.vpc.aws_network_acl_rule.redshift_inbound",
            "module.vpc.aws_network_acl_rule.redshift_outbound",
            "module.vpc.aws_redshift_subnet_group.redshift",
            "module.vpc.aws_route.database_internet_gateway",
            "module.vpc.aws_route.database_ipv6_egress",
            "module.vpc.aws_route.database_nat_gateway",
            "module.vpc.aws_route.private_ipv6_egress",
            "module.vpc.aws_route.private_nat_gateway",
            "module.vpc.aws_route.public_internet_gateway",
            "module.vpc.aws_route.public_internet_gateway_ipv6",
            "module.vpc.aws_route_table.database",
            "module.vpc.aws_route_table.elasticache",
            "module.vpc.aws_route_table.intra",
            "module.vpc.aws_route_table.private",
            "module.vpc.aws_route_table.public",
            "module.vpc.aws_route_table.redshift",
            "module.vpc.aws_route_table_association.database",
            "module.vpc.aws_route_table_association.elasticache",
            "module.vpc.aws_route_table_association.intra",
            "module.vpc.aws_route_table_association.outpost",
            "module.vpc.aws_route_table_association.private",
            "module.vpc.aws_route_table_association.public",
            "module.vpc.aws_route_table_association.redshift",
            "module.vpc.aws_route_table_association.redshift_public",
            "module.vpc.aws_subnet.database",
            "module.vpc.aws_subnet.elasticache",
            "module.vpc.aws_subnet.intra",
            "module.vpc.aws_subnet.outpost",
            "module.vpc.aws_subnet.private",
            "module.vpc.aws_subnet.public",
            "module.vpc.aws_subnet.redshift",
            "module.vpc.aws_vpc.this",
            "module.vpc.aws_vpc_dhcp_options.this",
            "module.vpc.aws_vpc_dhcp_options_association.this",
            "module.vpc.aws_vpc_ipv4_cidr_block_association.this",
            "module.vpc.aws_vpn_gateway.this",
            "module.vpc.aws_vpn_gateway_attachment.this",
            "module.vpc.aws_vpn_gateway_route_propagation.intra",
            "module.vpc.aws_vpn_gateway_route_propagation.private",
            "module.vpc.aws_vpn_gateway_route_propagation.public",
            "module.vpc.data.aws_iam_policy_document.flow_log_cloudwatch_assume_role",
            "module.vpc.data.aws_iam_policy_document.vpc_flow_log_cloudwatch"
          ]
        }
      ]
    },
    {
      "module": "module.aws_rsa_key",
      "mode": "managed",
      "type": "tls_private_key",
      "name": "ssh_key",
      "provider": "provider[\"registry.terraform.io/hashicorp/tls\"]",
      "instances": [
        {
          "schema_version": 1,
          "attributes": {
            "algorithm": "RSA",
            "ecdsa_curve": "P224",
            "id": "882e88211fe116388dca280f5ec35fb1f04dab0a",
            "private_key_openssh": "-----BEGIN OPENSSH PRIVATE KEY-----\nb3BlbnNzaC1rZXktdjEAAAAABG5vbmUAAAAEbm9uZQAAAAAAAAABAAACFwAAAAdz\nc2gtcnNhAAAAAwEAAQAAAgEAw07rTlG9m03x+AVodqwIMU4P/w8TFw49aND2vDmV\nDjY2BkhbbvSq/b4IViWT7OOE5tFXxXp7mvYMbsHROEmLV2fmiaIksFHuiPa1zVL5\nMXJkMiIxU/ujbUY5SPwrO2Vockmwg70NAUVmhvdvf0NSl42/yhclUKWP0Ix60emn\n4/HjEp79z+W1t0M8RdTKoRUQkwSy6R5SguTo5CkLZfIB5TPlzsj8xXJckWTDytyI\nB/nSdUuGj5dBya6xOpH3QJKGLsjInUCkHvWrFG5RSpSt8oy/81S89Vvb9uGZrzuj\nfwah5Z9hCqetBuJFeDkaKBIw/dIPRZcsE4gKnTJLeDvUQI9suRsFZZtaDx0iMTYR\nX0oIRS7jrkwoRWtw0dB72HItCjptCmGhSF7Q4t438sa7qm1bK9phPqUkL6t6TT5y\n9Pyu6/aQgT3IBPlXnTRa5ijhCH+3rPXCM9vUF7QJ7zhQDg5YIB8PmSBBcxehRmA0\nCbtYovzSiM6gHonzz1aWA2yaM47G631I4oYwEtOJdoxn8TT9kUwZ5a+zkgqgvk7k\nnDTbPuE1TOA4f4U2b8D+xH6H4XMEnItUB1oN6ckhJts0x+5EH8QKxAeoA7vWpjgJ\nKw6PMq+/FaGJ1zi52X4oxMpjTyZ5GkZxVbW9/osO5ggR9HOP8PVqPuv73ui94wZO\n75kAAAc48YYfn/GGH58AAAAHc3NoLXJzYQAAAgEAw07rTlG9m03x+AVodqwIMU4P\n/w8TFw49aND2vDmVDjY2BkhbbvSq/b4IViWT7OOE5tFXxXp7mvYMbsHROEmLV2fm\niaIksFHuiPa1zVL5MXJkMiIxU/ujbUY5SPwrO2Vockmwg70NAUVmhvdvf0NSl42/\nyhclUKWP0Ix60emn4/HjEp79z+W1t0M8RdTKoRUQkwSy6R5SguTo5CkLZfIB5TPl\nzsj8xXJckWTDytyIB/nSdUuGj5dBya6xOpH3QJKGLsjInUCkHvWrFG5RSpSt8oy/\n81S89Vvb9uGZrzujfwah5Z9hCqetBuJFeDkaKBIw/dIPRZcsE4gKnTJLeDvUQI9s\nuRsFZZtaDx0iMTYRX0oIRS7jrkwoRWtw0dB72HItCjptCmGhSF7Q4t438sa7qm1b\nK9phPqUkL6t6TT5y9Pyu6/aQgT3IBPlXnTRa5ijhCH+3rPXCM9vUF7QJ7zhQDg5Y\nIB8PmSBBcxehRmA0CbtYovzSiM6gHonzz1aWA2yaM47G631I4oYwEtOJdoxn8TT9\nkUwZ5a+zkgqgvk7knDTbPuE1TOA4f4U2b8D+xH6H4XMEnItUB1oN6ckhJts0x+5E\nH8QKxAeoA7vWpjgJKw6PMq+/FaGJ1zi52X4oxMpjTyZ5GkZxVbW9/osO5ggR9HOP\n8PVqPuv73ui94wZO75kAAAADAQABAAACAQCckpkLWXZSmeMgfV1ovbN3q2ghhrk8\nI3tRmywia1s2YHlhAgLi6Zxm/UB7p3Z2U1OJI0xlETMkYJpI9HJA2JyvfqkPr4AQ\nJi6/eGD48Mq7PERc+JJpDHPQt5pXC2mxHTPlY3PxuM5DNZrjGlw1PwhoXQfjADk2\n9PNdMjGINPQWRiVPGUzKrRHHkEwyg0vKZTO7WOoA/wEQ1Ghr+QedO60PTVKvOuuB\ncpQJLynTaIZZNork455FYPIpuDV2iewYxR5zRR2nC1pHQ5VaNLJQwu7MYs/DSCyP\n2ot12Rg2pe4FeJCzn9jRDOkmeqFMpyJz+1lxMkRx+qYoJki0Csz736LglCjOyfae\nba4Q8FPBYIyn2cUnJtR+lGiJ7snEsDHEyX7zzVz9safBZ6YWcE1EnoqDjlnpc/93\n81mDIuPaIm/WzEt8PzIFRRLdiAyiCJwDgZaCWtcSq7tgR2uDq6rWYs6YGmYQOGak\nLg8jOUI+Kumo6LmRS+gDcMTWo1N3+2ww1RKEEgiLowSLVzDn/ildC/cVQnfBoUYy\nIt3IolW3Gvq/VVL1p+oOXr3BnSBr2jKCsrRI91gWHhcSiTwjA3dWcbYQ+JR2aCgq\n2ppzyRhjitmLLoZ/9EYGXQVgpvfWUTtTFJqDVjrrQBRF3bJHoismn1SYAllPLbay\nIesd2YO/ApRxAQAAAQEAur6CXtwESSlk3Ef4MNiOBhUd3h/46IqW5Jau0mu7Uum0\nJXe3gAVM2XuIiDz2BV1jgYP3LzgCqo2Kf6dPdpOiq6qEwenBIgp4Gz9x11T21LJK\neJYvjlm4l7rsj75tPmXdLMdECbCeqyqRqj4MqstIUkmluylEQJJdJnlVSYSe/lN/\nFwVne8bdoc9nO3ec2oYAY37+I6tcg9d8MQkRhANz5JNtk5Y8V+cAAEXHHicXKEgH\n+3o++yQ9pfJ7+90B6yVx1HrRIr3Hq4WJi13Oq2f2BUsFUK7oqp5Rk/O0hF0OgPhu\nIOOzPr37FBTzxfC/QA0rnp1uETaLEhQPcAeJAtnvEQAAAQEA2LiXjyDjjY6975rB\nuXOeIK2Vjm5alNMlMqWQRVc4LBR5AZLL4F/J5zOlvgwj07DChlx+6wsBMbZopCLQ\nVWSAvckjwi9KJL0Ao0yQULvKWgbtnUyf5ZHHn5tm9S8PqKLAQKj+AgQPYJDRU+2k\n1sTq9mXMdoNBv20/TEuhED9W0UhrjFGho/ta92tcNvpzbejU/VFiZrQpwZCOYhq+\nVHpLY3zvTp6HkDWutAlvBrrY9PiVEYTBH+G9j/Xk661ij6anSpz3yuZbUMDNzAjO\n781GUOX2E5KcIq1jaymH/oXoMYYzMbMZHb7U5814L9Vz/2YS4Tt0ZrLhghtQCMeA\n8EdLoQAAAQEA5rTRfcFa+rI5p/GyrZSd1BWQawXFutrVGY6wCfvNw0nHXpJ0z7n1\nUmelGrwZqBUTDzD2HxGna6Kkea56UlaWI34shwvmLHglHAPRrS4X+amM1SrlcgA7\npt5QQ0s5ijSF6AFDJbCPOh3b4y5b9yzJL4Tl57D9jEa4jUT1h4IkJiqiZULapi8P\nQVUSdE36Gm/h4V/ZWSQr8gkERYuSbf5PCzvO6bn+QR/q9sC9QkvFMaxcJ7mhAag5\ne/u1ScSLcRYLZsXfdiKvIQz2IzL30e1x6dyZ30YlIvI7/anTKsb4huzFGpQXqlbX\nMf4BcK8q81GZuc+YJ9ZhKtbqmlDdPlpg+QAAAAAB\n-----END OPENSSH PRIVATE KEY-----\n",
            "private_key_pem": "-----BEGIN RSA PRIVATE KEY-----\nMIIJKgIBAAKCAgEAw07rTlG9m03x+AVodqwIMU4P/w8TFw49aND2vDmVDjY2Bkhb\nbvSq/b4IViWT7OOE5tFXxXp7mvYMbsHROEmLV2fmiaIksFHuiPa1zVL5MXJkMiIx\nU/ujbUY5SPwrO2Vockmwg70NAUVmhvdvf0NSl42/yhclUKWP0Ix60emn4/HjEp79\nz+W1t0M8RdTKoRUQkwSy6R5SguTo5CkLZfIB5TPlzsj8xXJckWTDytyIB/nSdUuG\nj5dBya6xOpH3QJKGLsjInUCkHvWrFG5RSpSt8oy/81S89Vvb9uGZrzujfwah5Z9h\nCqetBuJFeDkaKBIw/dIPRZcsE4gKnTJLeDvUQI9suRsFZZtaDx0iMTYRX0oIRS7j\nrkwoRWtw0dB72HItCjptCmGhSF7Q4t438sa7qm1bK9phPqUkL6t6TT5y9Pyu6/aQ\ngT3IBPlXnTRa5ijhCH+3rPXCM9vUF7QJ7zhQDg5YIB8PmSBBcxehRmA0CbtYovzS\niM6gHonzz1aWA2yaM47G631I4oYwEtOJdoxn8TT9kUwZ5a+zkgqgvk7knDTbPuE1\nTOA4f4U2b8D+xH6H4XMEnItUB1oN6ckhJts0x+5EH8QKxAeoA7vWpjgJKw6PMq+/\nFaGJ1zi52X4oxMpjTyZ5GkZxVbW9/osO5ggR9HOP8PVqPuv73ui94wZO75kCAwEA\nAQKCAgEAnJKZC1l2UpnjIH1daL2zd6toIYa5PCN7UZssImtbNmB5YQIC4umcZv1A\ne6d2dlNTiSNMZREzJGCaSPRyQNicr36pD6+AECYuv3hg+PDKuzxEXPiSaQxz0Lea\nVwtpsR0z5WNz8bjOQzWa4xpcNT8IaF0H4wA5NvTzXTIxiDT0FkYlTxlMyq0Rx5BM\nMoNLymUzu1jqAP8BENRoa/kHnTutD01SrzrrgXKUCS8p02iGWTaK5OOeRWDyKbg1\ndonsGMUec0UdpwtaR0OVWjSyUMLuzGLPw0gsj9qLddkYNqXuBXiQs5/Y0QzpJnqh\nTKcic/tZcTJEcfqmKCZItArM+9+i4JQozsn2nm2uEPBTwWCMp9nFJybUfpRoie7J\nxLAxxMl+881c/bGnwWemFnBNRJ6Kg45Z6XP/d/NZgyLj2iJv1sxLfD8yBUUS3YgM\nogicA4GWglrXEqu7YEdrg6uq1mLOmBpmEDhmpC4PIzlCPirpqOi5kUvoA3DE1qNT\nd/tsMNUShBIIi6MEi1cw5/4pXQv3FUJ3waFGMiLdyKJVtxr6v1VS9afqDl69wZ0g\na9oygrK0SPdYFh4XEok8IwN3VnG2EPiUdmgoKtqac8kYY4rZiy6Gf/RGBl0FYKb3\n1lE7UxSag1Y660AURd2yR6IrJp9UmAJZTy22siHrHdmDvwKUcQECggEBANi4l48g\n442Ove+awblzniCtlY5uWpTTJTKlkEVXOCwUeQGSy+Bfyeczpb4MI9OwwoZcfusL\nATG2aKQi0FVkgL3JI8IvSiS9AKNMkFC7yloG7Z1Mn+WRx5+bZvUvD6iiwECo/gIE\nD2CQ0VPtpNbE6vZlzHaDQb9tP0xLoRA/VtFIa4xRoaP7WvdrXDb6c23o1P1RYma0\nKcGQjmIavlR6S2N8706eh5A1rrQJbwa62PT4lRGEwR/hvY/15OutYo+mp0qc98rm\nW1DAzcwIzu/NRlDl9hOSnCKtY2sph/6F6DGGMzGzGR2+1OfNeC/Vc/9mEuE7dGay\n4YIbUAjHgPBHS6ECggEBAOa00X3BWvqyOafxsq2UndQVkGsFxbra1RmOsAn7zcNJ\nx16SdM+59VJnpRq8GagVEw8w9h8Rp2uipHmuelJWliN+LIcL5ix4JRwD0a0uF/mp\njNUq5XIAO6beUENLOYo0hegBQyWwjzod2+MuW/csyS+E5eew/YxGuI1E9YeCJCYq\nomVC2qYvD0FVEnRN+hpv4eFf2VkkK/IJBEWLkm3+Tws7zum5/kEf6vbAvUJLxTGs\nXCe5oQGoOXv7tUnEi3EWC2bF33YiryEM9iMy99Htcencmd9GJSLyO/2p0yrG+Ibs\nxRqUF6pW1zH+AXCvKvNRmbnPmCfWYSrW6ppQ3T5aYPkCggEBAKmJHeb1z405kRQT\neGDfNWBS6qAVa/7ofjz0j7vu0x6IlXDJqXvI82VOXeYiERTVPhdl3FN6tGBzVcCx\nC1EB4kSVSMfrvpCm2gzlJDBD97Qdn1xiSOOJ+yO8qfo76n/9cXAjwzFIg88C+v4w\n9badLUG7uQss+w4JJG9G6qSPKBdoE9odMdnaE/thnS3VFt9wOM5CEDxPzCqELx5H\n1YS4dqlJXtud4GbL1/M3PgeBu59HpzWhKIMMUQKBVaeYZ3YA5PXVfXLYaa7uZQ+s\nBFZLuyol+y6sjkACa7e1MZHGpzG2ze2fMZK3ak47yj2BOdEdxL81h4WfghIJ075K\nc2+EFoECggEAN89aNl/GEIt44yXXIaKoI5wr2ZgF41P45TvdXizp8+ovLrOjSnUj\n4ZFtIXCLjFu8xpoDkDSHGcS4oS8SLEUCAQgO4YSBZBSUdZh+6rQR3LWlehPseY2Q\n4Kc7J2xVORfHpP5ZLg7uNxLuFKEsYjkVWkd+DnSEgaDCGHqsIuHauNjrfC+WEUml\nGRrpYfVTIX4bWJgFTkkv0FdaDzDadX1lxcPsJCJ4XWzJPHQX1Kfbxk555KpFRs9Z\nSKL1kijXyr2YeH45tqxhTU+DY7R6uvAD9J0HJDol1bRfyteAXALSMGGqtOlKaEyl\ntlRKKOZXL5F37LlJh6mWy/Q9wKL7QpA+kQKCAQEAur6CXtwESSlk3Ef4MNiOBhUd\n3h/46IqW5Jau0mu7Uum0JXe3gAVM2XuIiDz2BV1jgYP3LzgCqo2Kf6dPdpOiq6qE\nwenBIgp4Gz9x11T21LJKeJYvjlm4l7rsj75tPmXdLMdECbCeqyqRqj4MqstIUkml\nuylEQJJdJnlVSYSe/lN/FwVne8bdoc9nO3ec2oYAY37+I6tcg9d8MQkRhANz5JNt\nk5Y8V+cAAEXHHicXKEgH+3o++yQ9pfJ7+90B6yVx1HrRIr3Hq4WJi13Oq2f2BUsF\nUK7oqp5Rk/O0hF0OgPhuIOOzPr37FBTzxfC/QA0rnp1uETaLEhQPcAeJAtnvEQ==\n-----END RSA PRIVATE KEY-----\n",
            "private_key_pem_pkcs8": "-----BEGIN PRIVATE KEY-----\nMIIJRAIBADANBgkqhkiG9w0BAQEFAASCCS4wggkqAgEAAoICAQDDTutOUb2bTfH4\nBWh2rAgxTg//DxMXDj1o0Pa8OZUONjYGSFtu9Kr9vghWJZPs44Tm0VfFenua9gxu\nwdE4SYtXZ+aJoiSwUe6I9rXNUvkxcmQyIjFT+6NtRjlI/Cs7ZWhySbCDvQ0BRWaG\n929/Q1KXjb/KFyVQpY/QjHrR6afj8eMSnv3P5bW3QzxF1MqhFRCTBLLpHlKC5Ojk\nKQtl8gHlM+XOyPzFclyRZMPK3IgH+dJ1S4aPl0HJrrE6kfdAkoYuyMidQKQe9asU\nblFKlK3yjL/zVLz1W9v24ZmvO6N/BqHln2EKp60G4kV4ORooEjD90g9FlywTiAqd\nMkt4O9RAj2y5GwVlm1oPHSIxNhFfSghFLuOuTChFa3DR0HvYci0KOm0KYaFIXtDi\n3jfyxruqbVsr2mE+pSQvq3pNPnL0/K7r9pCBPcgE+VedNFrmKOEIf7es9cIz29QX\ntAnvOFAODlggHw+ZIEFzF6FGYDQJu1ii/NKIzqAeifPPVpYDbJozjsbrfUjihjAS\n04l2jGfxNP2RTBnlr7OSCqC+TuScNNs+4TVM4Dh/hTZvwP7EfofhcwSci1QHWg3p\nySEm2zTH7kQfxArEB6gDu9amOAkrDo8yr78VoYnXOLnZfijEymNPJnkaRnFVtb3+\niw7mCBH0c4/w9Wo+6/ve6L3jBk7vmQIDAQABAoICAQCckpkLWXZSmeMgfV1ovbN3\nq2ghhrk8I3tRmywia1s2YHlhAgLi6Zxm/UB7p3Z2U1OJI0xlETMkYJpI9HJA2Jyv\nfqkPr4AQJi6/eGD48Mq7PERc+JJpDHPQt5pXC2mxHTPlY3PxuM5DNZrjGlw1Pwho\nXQfjADk29PNdMjGINPQWRiVPGUzKrRHHkEwyg0vKZTO7WOoA/wEQ1Ghr+QedO60P\nTVKvOuuBcpQJLynTaIZZNork455FYPIpuDV2iewYxR5zRR2nC1pHQ5VaNLJQwu7M\nYs/DSCyP2ot12Rg2pe4FeJCzn9jRDOkmeqFMpyJz+1lxMkRx+qYoJki0Csz736Lg\nlCjOyfaeba4Q8FPBYIyn2cUnJtR+lGiJ7snEsDHEyX7zzVz9safBZ6YWcE1EnoqD\njlnpc/9381mDIuPaIm/WzEt8PzIFRRLdiAyiCJwDgZaCWtcSq7tgR2uDq6rWYs6Y\nGmYQOGakLg8jOUI+Kumo6LmRS+gDcMTWo1N3+2ww1RKEEgiLowSLVzDn/ildC/cV\nQnfBoUYyIt3IolW3Gvq/VVL1p+oOXr3BnSBr2jKCsrRI91gWHhcSiTwjA3dWcbYQ\n+JR2aCgq2ppzyRhjitmLLoZ/9EYGXQVgpvfWUTtTFJqDVjrrQBRF3bJHoismn1SY\nAllPLbayIesd2YO/ApRxAQKCAQEA2LiXjyDjjY6975rBuXOeIK2Vjm5alNMlMqWQ\nRVc4LBR5AZLL4F/J5zOlvgwj07DChlx+6wsBMbZopCLQVWSAvckjwi9KJL0Ao0yQ\nULvKWgbtnUyf5ZHHn5tm9S8PqKLAQKj+AgQPYJDRU+2k1sTq9mXMdoNBv20/TEuh\nED9W0UhrjFGho/ta92tcNvpzbejU/VFiZrQpwZCOYhq+VHpLY3zvTp6HkDWutAlv\nBrrY9PiVEYTBH+G9j/Xk661ij6anSpz3yuZbUMDNzAjO781GUOX2E5KcIq1jaymH\n/oXoMYYzMbMZHb7U5814L9Vz/2YS4Tt0ZrLhghtQCMeA8EdLoQKCAQEA5rTRfcFa\n+rI5p/GyrZSd1BWQawXFutrVGY6wCfvNw0nHXpJ0z7n1UmelGrwZqBUTDzD2HxGn\na6Kkea56UlaWI34shwvmLHglHAPRrS4X+amM1SrlcgA7pt5QQ0s5ijSF6AFDJbCP\nOh3b4y5b9yzJL4Tl57D9jEa4jUT1h4IkJiqiZULapi8PQVUSdE36Gm/h4V/ZWSQr\n8gkERYuSbf5PCzvO6bn+QR/q9sC9QkvFMaxcJ7mhAag5e/u1ScSLcRYLZsXfdiKv\nIQz2IzL30e1x6dyZ30YlIvI7/anTKsb4huzFGpQXqlbXMf4BcK8q81GZuc+YJ9Zh\nKtbqmlDdPlpg+QKCAQEAqYkd5vXPjTmRFBN4YN81YFLqoBVr/uh+PPSPu+7THoiV\ncMmpe8jzZU5d5iIRFNU+F2XcU3q0YHNVwLELUQHiRJVIx+u+kKbaDOUkMEP3tB2f\nXGJI44n7I7yp+jvqf/1xcCPDMUiDzwL6/jD1tp0tQbu5Cyz7Dgkkb0bqpI8oF2gT\n2h0x2doT+2GdLdUW33A4zkIQPE/MKoQvHkfVhLh2qUle253gZsvX8zc+B4G7n0en\nNaEogwxRAoFVp5hndgDk9dV9cthpru5lD6wEVku7KiX7LqyOQAJrt7UxkcanMbbN\n7Z8xkrdqTjvKPYE50R3EvzWHhZ+CEgnTvkpzb4QWgQKCAQA3z1o2X8YQi3jjJdch\noqgjnCvZmAXjU/jlO91eLOnz6i8us6NKdSPhkW0hcIuMW7zGmgOQNIcZxLihLxIs\nRQIBCA7hhIFkFJR1mH7qtBHctaV6E+x5jZDgpzsnbFU5F8ek/lkuDu43Eu4UoSxi\nORVaR34OdISBoMIYeqwi4dq42Ot8L5YRSaUZGulh9VMhfhtYmAVOSS/QV1oPMNp1\nfWXFw+wkInhdbMk8dBfUp9vGTnnkqkVGz1lIovWSKNfKvZh4fjm2rGFNT4NjtHq6\n8AP0nQckOiXVtF/K14BcAtIwYaq06UpoTKW2VEoo5lcvkXfsuUmHqZbL9D3AovtC\nkD6RAoIBAQC6voJe3ARJKWTcR/gw2I4GFR3eH/joipbklq7Sa7tS6bQld7eABUzZ\ne4iIPPYFXWOBg/cvOAKqjYp/p092k6KrqoTB6cEiCngbP3HXVPbUskp4li+OWbiX\nuuyPvm0+Zd0sx0QJsJ6rKpGqPgyqy0hSSaW7KURAkl0meVVJhJ7+U38XBWd7xt2h\nz2c7d5zahgBjfv4jq1yD13wxCRGEA3Pkk22TljxX5wAARcceJxcoSAf7ej77JD2l\n8nv73QHrJXHUetEivcerhYmLXc6rZ/YFSwVQruiqnlGT87SEXQ6A+G4g47M+vfsU\nFPPF8L9ADSuenW4RNosSFA9wB4kC2e8R\n-----END PRIVATE KEY-----\n",
            "public_key_fingerprint_md5": "7f:0a:50:1f:5e:ef:05:10:51:c7:87:6a:c0:f5:d5:b1",
            "public_key_fingerprint_sha256": "SHA256:AVK28+usuOJ7vkJlX/SEYKvKLzUmvhOV/+L8YMyKjX8",
            "public_key_openssh": "ssh-rsa AAAAB3NzaC1yc2EAAAADAQABAAACAQDDTutOUb2bTfH4BWh2rAgxTg//DxMXDj1o0Pa8OZUONjYGSFtu9Kr9vghWJZPs44Tm0VfFenua9gxuwdE4SYtXZ+aJoiSwUe6I9rXNUvkxcmQyIjFT+6NtRjlI/Cs7ZWhySbCDvQ0BRWaG929/Q1KXjb/KFyVQpY/QjHrR6afj8eMSnv3P5bW3QzxF1MqhFRCTBLLpHlKC5OjkKQtl8gHlM+XOyPzFclyRZMPK3IgH+dJ1S4aPl0HJrrE6kfdAkoYuyMidQKQe9asUblFKlK3yjL/zVLz1W9v24ZmvO6N/BqHln2EKp60G4kV4ORooEjD90g9FlywTiAqdMkt4O9RAj2y5GwVlm1oPHSIxNhFfSghFLuOuTChFa3DR0HvYci0KOm0KYaFIXtDi3jfyxruqbVsr2mE+pSQvq3pNPnL0/K7r9pCBPcgE+VedNFrmKOEIf7es9cIz29QXtAnvOFAODlggHw+ZIEFzF6FGYDQJu1ii/NKIzqAeifPPVpYDbJozjsbrfUjihjAS04l2jGfxNP2RTBnlr7OSCqC+TuScNNs+4TVM4Dh/hTZvwP7EfofhcwSci1QHWg3pySEm2zTH7kQfxArEB6gDu9amOAkrDo8yr78VoYnXOLnZfijEymNPJnkaRnFVtb3+iw7mCBH0c4/w9Wo+6/ve6L3jBk7vmQ==\n",
            "public_key_pem": "-----BEGIN PUBLIC KEY-----\nMIICIjANBgkqhkiG9w0BAQEFAAOCAg8AMIICCgKCAgEAw07rTlG9m03x+AVodqwI\nMU4P/w8TFw49aND2vDmVDjY2BkhbbvSq/b4IViWT7OOE5tFXxXp7mvYMbsHROEmL\nV2fmiaIksFHuiPa1zVL5MXJkMiIxU/ujbUY5SPwrO2Vockmwg70NAUVmhvdvf0NS\nl42/yhclUKWP0Ix60emn4/HjEp79z+W1t0M8RdTKoRUQkwSy6R5SguTo5CkLZfIB\n5TPlzsj8xXJckWTDytyIB/nSdUuGj5dBya6xOpH3QJKGLsjInUCkHvWrFG5RSpSt\n8oy/81S89Vvb9uGZrzujfwah5Z9hCqetBuJFeDkaKBIw/dIPRZcsE4gKnTJLeDvU\nQI9suRsFZZtaDx0iMTYRX0oIRS7jrkwoRWtw0dB72HItCjptCmGhSF7Q4t438sa7\nqm1bK9phPqUkL6t6TT5y9Pyu6/aQgT3IBPlXnTRa5ijhCH+3rPXCM9vUF7QJ7zhQ\nDg5YIB8PmSBBcxehRmA0CbtYovzSiM6gHonzz1aWA2yaM47G631I4oYwEtOJdoxn\n8TT9kUwZ5a+zkgqgvk7knDTbPuE1TOA4f4U2b8D+xH6H4XMEnItUB1oN6ckhJts0\nx+5EH8QKxAeoA7vWpjgJKw6PMq+/FaGJ1zi52X4oxMpjTyZ5GkZxVbW9/osO5ggR\n9HOP8PVqPuv73ui94wZO75kCAwEAAQ==\n-----END PUBLIC KEY-----\n",
            "rsa_bits": 4096
          },
          "sensitive_attributes": [],
          "dependencies": [
            "module.vpc.aws_cloudwatch_log_group.flow_log",
            "module.vpc.aws_customer_gateway.this",
            "module.vpc.aws_db_subnet_group.database",
            "module.vpc.aws_default_network_acl.this",
            "module.vpc.aws_default_route_table.default",
            "module.vpc.aws_default_security_group.this",
            "module.vpc.aws_default_vpc.this",
            "module.vpc.aws_egress_only_internet_gateway.this",
            "module.vpc.aws_eip.nat",
            "module.vpc.aws_elasticache_subnet_group.elasticache",
            "module.vpc.aws_flow_log.this",
            "module.vpc.aws_iam_policy.vpc_flow_log_cloudwatch",
            "module.vpc.aws_iam_role.vpc_flow_log_cloudwatch",
            "module.vpc.aws_iam_role_policy_attachment.vpc_flow_log_cloudwatch",
            "module.vpc.aws_internet_gateway.this",
            "module.vpc.aws_nat_gateway.this",
            "module.vpc.aws_network_acl.database",
            "module.vpc.aws_network_acl.elasticache",
            "module.vpc.aws_network_acl.intra",
            "module.vpc.aws_network_acl.outpost",
            "module.vpc.aws_network_acl.private",
            "module.vpc.aws_network_acl.public",
            "module.vpc.aws_network_acl.redshift",
            "module.vpc.aws_network_acl_rule.database_inbound",
            "module.vpc.aws_network_acl_rule.database_outbound",
            "module.vpc.aws_network_acl_rule.elasticache_inbound",
            "module.vpc.aws_network_acl_rule.elasticache_outbound",
            "module.vpc.aws_network_acl_rule.intra_inbound",
            "module.vpc.aws_network_acl_rule.intra_outbound",
            "module.vpc.aws_network_acl_rule.outpost_inbound",
            "module.vpc.aws_network_acl_rule.outpost_outbound",
            "module.vpc.aws_network_acl_rule.private_inbound",
            "module.vpc.aws_network_acl_rule.private_outbound",
            "module.vpc.aws_network_acl_rule.public_inbound",
            "module.vpc.aws_network_acl_rule.public_outbound",
            "module.vpc.aws_network_acl_rule.redshift_inbound",
            "module.vpc.aws_network_acl_rule.redshift_outbound",
            "module.vpc.aws_redshift_subnet_group.redshift",
            "module.vpc.aws_route.database_internet_gateway",
            "module.vpc.aws_route.database_ipv6_egress",
            "module.vpc.aws_route.database_nat_gateway",
            "module.vpc.aws_route.private_ipv6_egress",
            "module.vpc.aws_route.private_nat_gateway",
            "module.vpc.aws_route.public_internet_gateway",
            "module.vpc.aws_route.public_internet_gateway_ipv6",
            "module.vpc.aws_route_table.database",
            "module.vpc.aws_route_table.elasticache",
            "module.vpc.aws_route_table.intra",
            "module.vpc.aws_route_table.private",
            "module.vpc.aws_route_table.public",
            "module.vpc.aws_route_table.redshift",
            "module.vpc.aws_route_table_association.database",
            "module.vpc.aws_route_table_association.elasticache",
            "module.vpc.aws_route_table_association.intra",
            "module.vpc.aws_route_table_association.outpost",
            "module.vpc.aws_route_table_association.private",
            "module.vpc.aws_route_table_association.public",
            "module.vpc.aws_route_table_association.redshift",
            "module.vpc.aws_route_table_association.redshift_public",
            "module.vpc.aws_subnet.database",
            "module.vpc.aws_subnet.elasticache",
            "module.vpc.aws_subnet.intra",
            "module.vpc.aws_subnet.outpost",
            "module.vpc.aws_subnet.private",
            "module.vpc.aws_subnet.public",
            "module.vpc.aws_subnet.redshift",
            "module.vpc.aws_vpc.this",
            "module.vpc.aws_vpc_dhcp_options.this",
            "module.vpc.aws_vpc_dhcp_options_association.this",
            "module.vpc.aws_vpc_ipv4_cidr_block_association.this",
            "module.vpc.aws_vpn_gateway.this",
            "module.vpc.aws_vpn_gateway_attachment.this",
            "module.vpc.aws_vpn_gateway_route_propagation.intra",
            "module.vpc.aws_vpn_gateway_route_propagation.private",
            "module.vpc.aws_vpn_gateway_route_propagation.public",
            "module.vpc.data.aws_iam_policy_document.flow_log_cloudwatch_assume_role",
            "module.vpc.data.aws_iam_policy_document.vpc_flow_log_cloudwatch"
          ]
        }
      ]
    },
    {
      "module": "module.vpc",
      "mode": "managed",
      "type": "aws_eip",
      "name": "nat",
      "provider": "provider[\"registry.terraform.io/hashicorp/aws\"]",
      "instances": [
        {
          "index_key": 0,
          "schema_version": 0,
          "attributes": {
            "address": null,
            "allocation_id": "eipalloc-0f147b4e0111d221a",
            "associate_with_private_ip": null,
            "association_id": "",
            "carrier_ip": "",
            "customer_owned_ip": "",
            "customer_owned_ipv4_pool": "",
            "domain": "vpc",
            "id": "eipalloc-0f147b4e0111d221a",
            "instance": "",
            "network_border_group": "us-east-1",
            "network_interface": "",
            "private_dns": null,
            "private_ip": "",
            "public_dns": "ec2-52-20-41-222.compute-1.amazonaws.com",
            "public_ip": "52.20.41.222",
            "public_ipv4_pool": "amazon",
            "tags": {
              "Name": "VPC-us-east-1a"
            },
            "tags_all": {
              "Name": "VPC-us-east-1a"
            },
            "timeouts": null,
            "vpc": true
          },
          "sensitive_attributes": [],
          "private": "eyJlMmJmYjczMC1lY2FhLTExZTYtOGY4OC0zNDM2M2JjN2M0YzAiOnsiZGVsZXRlIjoxODAwMDAwMDAwMDAsInJlYWQiOjkwMDAwMDAwMDAwMCwidXBkYXRlIjozMDAwMDAwMDAwMDB9fQ=="
        }
      ]
    },
    {
      "module": "module.vpc",
      "mode": "managed",
      "type": "aws_internet_gateway",
      "name": "this",
      "provider": "provider[\"registry.terraform.io/hashicorp/aws\"]",
      "instances": [
        {
          "index_key": 0,
          "schema_version": 0,
          "attributes": {
            "arn": "arn:aws:ec2:us-east-1:729186614334:internet-gateway/igw-0b119a865edd6b87d",
            "id": "igw-0b119a865edd6b87d",
            "owner_id": "729186614334",
            "tags": {
              "Name": "VPC"
            },
            "tags_all": {
              "Name": "VPC"
            },
            "timeouts": null,
            "vpc_id": "vpc-0c7e18476be05b8a1"
          },
          "sensitive_attributes": [],
          "private": "eyJlMmJmYjczMC1lY2FhLTExZTYtOGY4OC0zNDM2M2JjN2M0YzAiOnsiY3JlYXRlIjoxMjAwMDAwMDAwMDAwLCJkZWxldGUiOjEyMDAwMDAwMDAwMDAsInVwZGF0ZSI6MTIwMDAwMDAwMDAwMH19",
          "dependencies": [
            "module.vpc.aws_vpc.this",
            "module.vpc.aws_vpc_ipv4_cidr_block_association.this"
          ]
        }
      ]
    },
    {
      "module": "module.vpc",
      "mode": "managed",
      "type": "aws_nat_gateway",
      "name": "this",
      "provider": "provider[\"registry.terraform.io/hashicorp/aws\"]",
      "instances": [
        {
          "index_key": 0,
          "schema_version": 0,
          "attributes": {
            "allocation_id": "eipalloc-0f147b4e0111d221a",
            "connectivity_type": "public",
            "id": "nat-0da7ddcb2007db4f3",
            "network_interface_id": "eni-0ee760cc3590a4551",
            "private_ip": "172.23.7.137",
            "public_ip": "52.20.41.222",
            "subnet_id": "subnet-0e6a01043a943a53f",
            "tags": {
              "Name": "caldera-test_natgateway"
            },
            "tags_all": {
              "Name": "caldera-test_natgateway"
            }
          },
          "sensitive_attributes": [],
          "private": "bnVsbA==",
          "dependencies": [
            "module.vpc.aws_eip.nat",
            "module.vpc.aws_internet_gateway.this",
            "module.vpc.aws_subnet.public",
            "module.vpc.aws_vpc.this",
            "module.vpc.aws_vpc_ipv4_cidr_block_association.this"
          ]
        }
      ]
    },
    {
      "module": "module.vpc",
      "mode": "managed",
      "type": "aws_route",
      "name": "private_nat_gateway",
      "provider": "provider[\"registry.terraform.io/hashicorp/aws\"]",
      "instances": [
        {
          "index_key": 0,
          "schema_version": 0,
          "attributes": {
            "carrier_gateway_id": "",
            "core_network_arn": "",
            "destination_cidr_block": "0.0.0.0/0",
            "destination_ipv6_cidr_block": "",
            "destination_prefix_list_id": "",
            "egress_only_gateway_id": "",
            "gateway_id": "",
            "id": "r-rtb-0f3a7b667281df55d1080289494",
            "instance_id": "",
            "instance_owner_id": "",
            "local_gateway_id": "",
            "nat_gateway_id": "nat-0da7ddcb2007db4f3",
            "network_interface_id": "",
            "origin": "CreateRoute",
            "route_table_id": "rtb-0f3a7b667281df55d",
            "state": "active",
            "timeouts": {
              "create": "5m",
              "delete": null,
              "update": null
            },
            "transit_gateway_id": "",
            "vpc_endpoint_id": "",
            "vpc_peering_connection_id": ""
          },
          "sensitive_attributes": [],
          "private": "eyJlMmJmYjczMC1lY2FhLTExZTYtOGY4OC0zNDM2M2JjN2M0YzAiOnsiY3JlYXRlIjozMDAwMDAwMDAwMDAsImRlbGV0ZSI6MzAwMDAwMDAwMDAwLCJ1cGRhdGUiOjEyMDAwMDAwMDAwMH19",
          "dependencies": [
            "module.vpc.aws_eip.nat",
            "module.vpc.aws_internet_gateway.this",
            "module.vpc.aws_nat_gateway.this",
            "module.vpc.aws_route_table.private",
            "module.vpc.aws_subnet.public",
            "module.vpc.aws_vpc.this",
            "module.vpc.aws_vpc_ipv4_cidr_block_association.this"
          ]
        }
      ]
    },
    {
      "module": "module.vpc",
      "mode": "managed",
      "type": "aws_route",
      "name": "public_internet_gateway",
      "provider": "provider[\"registry.terraform.io/hashicorp/aws\"]",
      "instances": [
        {
          "index_key": 0,
          "schema_version": 0,
          "attributes": {
            "carrier_gateway_id": "",
            "core_network_arn": "",
            "destination_cidr_block": "0.0.0.0/0",
            "destination_ipv6_cidr_block": "",
            "destination_prefix_list_id": "",
            "egress_only_gateway_id": "",
            "gateway_id": "igw-0b119a865edd6b87d",
            "id": "r-rtb-0982a32a5b5c3892c1080289494",
            "instance_id": "",
            "instance_owner_id": "",
            "local_gateway_id": "",
            "nat_gateway_id": "",
            "network_interface_id": "",
            "origin": "CreateRoute",
            "route_table_id": "rtb-0982a32a5b5c3892c",
            "state": "active",
            "timeouts": {
              "create": "5m",
              "delete": null,
              "update": null
            },
            "transit_gateway_id": "",
            "vpc_endpoint_id": "",
            "vpc_peering_connection_id": ""
          },
          "sensitive_attributes": [],
          "private": "eyJlMmJmYjczMC1lY2FhLTExZTYtOGY4OC0zNDM2M2JjN2M0YzAiOnsiY3JlYXRlIjozMDAwMDAwMDAwMDAsImRlbGV0ZSI6MzAwMDAwMDAwMDAwLCJ1cGRhdGUiOjEyMDAwMDAwMDAwMH19",
          "dependencies": [
            "module.vpc.aws_internet_gateway.this",
            "module.vpc.aws_route_table.public",
            "module.vpc.aws_vpc.this",
            "module.vpc.aws_vpc_ipv4_cidr_block_association.this"
          ]
        }
      ]
    },
    {
      "module": "module.vpc",
      "mode": "managed",
      "type": "aws_route_table",
      "name": "private",
      "provider": "provider[\"registry.terraform.io/hashicorp/aws\"]",
      "instances": [
        {
          "index_key": 0,
          "schema_version": 0,
          "attributes": {
            "arn": "arn:aws:ec2:us-east-1:729186614334:route-table/rtb-0f3a7b667281df55d",
            "id": "rtb-0f3a7b667281df55d",
            "owner_id": "729186614334",
            "propagating_vgws": [],
            "route": [],
            "tags": {
              "Name": "VPC-private"
            },
            "tags_all": {
              "Name": "VPC-private"
            },
            "timeouts": null,
            "vpc_id": "vpc-0c7e18476be05b8a1"
          },
          "sensitive_attributes": [],
          "private": "eyJlMmJmYjczMC1lY2FhLTExZTYtOGY4OC0zNDM2M2JjN2M0YzAiOnsiY3JlYXRlIjozMDAwMDAwMDAwMDAsImRlbGV0ZSI6MzAwMDAwMDAwMDAwLCJ1cGRhdGUiOjEyMDAwMDAwMDAwMH19",
          "dependencies": [
            "module.vpc.aws_vpc.this",
            "module.vpc.aws_vpc_ipv4_cidr_block_association.this"
          ]
        }
      ]
    },
    {
      "module": "module.vpc",
      "mode": "managed",
      "type": "aws_route_table",
      "name": "public",
      "provider": "provider[\"registry.terraform.io/hashicorp/aws\"]",
      "instances": [
        {
          "index_key": 0,
          "schema_version": 0,
          "attributes": {
            "arn": "arn:aws:ec2:us-east-1:729186614334:route-table/rtb-0982a32a5b5c3892c",
            "id": "rtb-0982a32a5b5c3892c",
            "owner_id": "729186614334",
            "propagating_vgws": [],
            "route": [],
            "tags": {
              "Name": "VPC-public"
            },
            "tags_all": {
              "Name": "VPC-public"
            },
            "timeouts": null,
            "vpc_id": "vpc-0c7e18476be05b8a1"
          },
          "sensitive_attributes": [],
          "private": "eyJlMmJmYjczMC1lY2FhLTExZTYtOGY4OC0zNDM2M2JjN2M0YzAiOnsiY3JlYXRlIjozMDAwMDAwMDAwMDAsImRlbGV0ZSI6MzAwMDAwMDAwMDAwLCJ1cGRhdGUiOjEyMDAwMDAwMDAwMH19",
          "dependencies": [
            "module.vpc.aws_vpc.this",
            "module.vpc.aws_vpc_ipv4_cidr_block_association.this"
          ]
        }
      ]
    },
    {
      "module": "module.vpc",
      "mode": "managed",
      "type": "aws_route_table_association",
      "name": "private",
      "provider": "provider[\"registry.terraform.io/hashicorp/aws\"]",
      "instances": [
        {
          "index_key": 0,
          "schema_version": 0,
          "attributes": {
            "gateway_id": "",
            "id": "rtbassoc-076c122173e90bde2",
            "route_table_id": "rtb-0f3a7b667281df55d",
            "subnet_id": "subnet-059fdd23cbda5e2e8"
          },
          "sensitive_attributes": [],
          "private": "bnVsbA==",
          "dependencies": [
            "module.vpc.aws_route_table.private",
            "module.vpc.aws_subnet.private",
            "module.vpc.aws_vpc.this",
            "module.vpc.aws_vpc_ipv4_cidr_block_association.this"
          ]
        },
        {
          "index_key": 1,
          "schema_version": 0,
          "attributes": {
            "gateway_id": "",
            "id": "rtbassoc-0316f05e9e587c583",
            "route_table_id": "rtb-0f3a7b667281df55d",
            "subnet_id": "subnet-0829f05dd073ce4ff"
          },
          "sensitive_attributes": [],
          "private": "bnVsbA==",
          "dependencies": [
            "module.vpc.aws_route_table.private",
            "module.vpc.aws_subnet.private",
            "module.vpc.aws_vpc.this",
            "module.vpc.aws_vpc_ipv4_cidr_block_association.this"
          ]
        },
        {
          "index_key": 2,
          "schema_version": 0,
          "attributes": {
            "gateway_id": "",
            "id": "rtbassoc-0231cc3dcab15a498",
            "route_table_id": "rtb-0f3a7b667281df55d",
            "subnet_id": "subnet-098535bbe5d6d8bb1"
          },
          "sensitive_attributes": [],
          "private": "bnVsbA==",
          "dependencies": [
            "module.vpc.aws_route_table.private",
            "module.vpc.aws_subnet.private",
            "module.vpc.aws_vpc.this",
            "module.vpc.aws_vpc_ipv4_cidr_block_association.this"
          ]
        },
        {
          "index_key": 3,
          "schema_version": 0,
          "attributes": {
            "gateway_id": "",
            "id": "rtbassoc-05d9ee71831fadfec",
            "route_table_id": "rtb-0f3a7b667281df55d",
            "subnet_id": "subnet-0e4645cf4161b7b71"
          },
          "sensitive_attributes": [],
          "private": "bnVsbA==",
          "dependencies": [
            "module.vpc.aws_route_table.private",
            "module.vpc.aws_subnet.private",
            "module.vpc.aws_vpc.this",
            "module.vpc.aws_vpc_ipv4_cidr_block_association.this"
          ]
        },
        {
          "index_key": 4,
          "schema_version": 0,
          "attributes": {
            "gateway_id": "",
            "id": "rtbassoc-076f3f326d83bf8d0",
            "route_table_id": "rtb-0f3a7b667281df55d",
            "subnet_id": "subnet-0d29c50a41ccdb79a"
          },
          "sensitive_attributes": [],
          "private": "bnVsbA==",
          "dependencies": [
            "module.vpc.aws_route_table.private",
            "module.vpc.aws_subnet.private",
            "module.vpc.aws_vpc.this",
            "module.vpc.aws_vpc_ipv4_cidr_block_association.this"
          ]
        }
      ]
    },
    {
      "module": "module.vpc",
      "mode": "managed",
      "type": "aws_route_table_association",
      "name": "public",
      "provider": "provider[\"registry.terraform.io/hashicorp/aws\"]",
      "instances": [
        {
          "index_key": 0,
          "schema_version": 0,
          "attributes": {
            "gateway_id": "",
            "id": "rtbassoc-0d15ba18dbb507cf7",
            "route_table_id": "rtb-0982a32a5b5c3892c",
            "subnet_id": "subnet-0e6a01043a943a53f"
          },
          "sensitive_attributes": [],
          "private": "bnVsbA==",
          "dependencies": [
            "module.vpc.aws_route_table.public",
            "module.vpc.aws_subnet.public",
            "module.vpc.aws_vpc.this",
            "module.vpc.aws_vpc_ipv4_cidr_block_association.this"
          ]
        },
        {
          "index_key": 1,
          "schema_version": 0,
          "attributes": {
            "gateway_id": "",
            "id": "rtbassoc-0707a6fa90392e147",
            "route_table_id": "rtb-0982a32a5b5c3892c",
            "subnet_id": "subnet-0c66a9185196a5d41"
          },
          "sensitive_attributes": [],
          "private": "bnVsbA==",
          "dependencies": [
            "module.vpc.aws_route_table.public",
            "module.vpc.aws_subnet.public",
            "module.vpc.aws_vpc.this",
            "module.vpc.aws_vpc_ipv4_cidr_block_association.this"
          ]
        },
        {
          "index_key": 2,
          "schema_version": 0,
          "attributes": {
            "gateway_id": "",
            "id": "rtbassoc-0178e4f3d90015468",
            "route_table_id": "rtb-0982a32a5b5c3892c",
            "subnet_id": "subnet-0053c355490d0c77a"
          },
          "sensitive_attributes": [],
          "private": "bnVsbA==",
          "dependencies": [
            "module.vpc.aws_route_table.public",
            "module.vpc.aws_subnet.public",
            "module.vpc.aws_vpc.this",
            "module.vpc.aws_vpc_ipv4_cidr_block_association.this"
          ]
        },
        {
          "index_key": 3,
          "schema_version": 0,
          "attributes": {
            "gateway_id": "",
            "id": "rtbassoc-0addc0332d190a79d",
            "route_table_id": "rtb-0982a32a5b5c3892c",
            "subnet_id": "subnet-08759ad3fa6a3cf5f"
          },
          "sensitive_attributes": [],
          "private": "bnVsbA==",
          "dependencies": [
            "module.vpc.aws_route_table.public",
            "module.vpc.aws_subnet.public",
            "module.vpc.aws_vpc.this",
            "module.vpc.aws_vpc_ipv4_cidr_block_association.this"
          ]
        },
        {
          "index_key": 4,
          "schema_version": 0,
          "attributes": {
            "gateway_id": "",
            "id": "rtbassoc-0bb51d8eac6151655",
            "route_table_id": "rtb-0982a32a5b5c3892c",
            "subnet_id": "subnet-05e248a904c4c25be"
          },
          "sensitive_attributes": [],
          "private": "bnVsbA==",
          "dependencies": [
            "module.vpc.aws_route_table.public",
            "module.vpc.aws_subnet.public",
            "module.vpc.aws_vpc.this",
            "module.vpc.aws_vpc_ipv4_cidr_block_association.this"
          ]
        }
      ]
    },
    {
      "module": "module.vpc",
      "mode": "managed",
      "type": "aws_subnet",
      "name": "private",
      "provider": "provider[\"registry.terraform.io/hashicorp/aws\"]",
      "instances": [
        {
          "index_key": 0,
          "schema_version": 1,
          "attributes": {
            "arn": "arn:aws:ec2:us-east-1:729186614334:subnet/subnet-059fdd23cbda5e2e8",
            "assign_ipv6_address_on_creation": false,
            "availability_zone": "us-east-1a",
            "availability_zone_id": "use1-az4",
            "cidr_block": "172.23.0.0/22",
            "customer_owned_ipv4_pool": "",
            "enable_dns64": false,
            "enable_resource_name_dns_a_record_on_launch": false,
            "enable_resource_name_dns_aaaa_record_on_launch": false,
            "id": "subnet-059fdd23cbda5e2e8",
            "ipv6_cidr_block": "",
            "ipv6_cidr_block_association_id": "",
            "ipv6_native": false,
            "map_customer_owned_ip_on_launch": false,
            "map_public_ip_on_launch": false,
            "outpost_arn": "",
            "owner_id": "729186614334",
            "private_dns_hostname_type_on_launch": "ip-name",
            "tags": {
              "Name": "caldera-test_private"
            },
            "tags_all": {
              "Name": "caldera-test_private"
            },
            "timeouts": null,
            "vpc_id": "vpc-0c7e18476be05b8a1"
          },
          "sensitive_attributes": [],
          "private": "eyJlMmJmYjczMC1lY2FhLTExZTYtOGY4OC0zNDM2M2JjN2M0YzAiOnsiY3JlYXRlIjo2MDAwMDAwMDAwMDAsImRlbGV0ZSI6MTIwMDAwMDAwMDAwMH0sInNjaGVtYV92ZXJzaW9uIjoiMSJ9",
          "dependencies": [
            "module.vpc.aws_vpc.this",
            "module.vpc.aws_vpc_ipv4_cidr_block_association.this"
          ]
        },
        {
          "index_key": 1,
          "schema_version": 1,
          "attributes": {
            "arn": "arn:aws:ec2:us-east-1:729186614334:subnet/subnet-0829f05dd073ce4ff",
            "assign_ipv6_address_on_creation": false,
            "availability_zone": "us-east-1b",
            "availability_zone_id": "use1-az6",
            "cidr_block": "172.23.32.0/22",
            "customer_owned_ipv4_pool": "",
            "enable_dns64": false,
            "enable_resource_name_dns_a_record_on_launch": false,
            "enable_resource_name_dns_aaaa_record_on_launch": false,
            "id": "subnet-0829f05dd073ce4ff",
            "ipv6_cidr_block": "",
            "ipv6_cidr_block_association_id": "",
            "ipv6_native": false,
            "map_customer_owned_ip_on_launch": false,
            "map_public_ip_on_launch": false,
            "outpost_arn": "",
            "owner_id": "729186614334",
            "private_dns_hostname_type_on_launch": "ip-name",
            "tags": {
              "Name": "caldera-test_private"
            },
            "tags_all": {
              "Name": "caldera-test_private"
            },
            "timeouts": null,
            "vpc_id": "vpc-0c7e18476be05b8a1"
          },
          "sensitive_attributes": [],
          "private": "eyJlMmJmYjczMC1lY2FhLTExZTYtOGY4OC0zNDM2M2JjN2M0YzAiOnsiY3JlYXRlIjo2MDAwMDAwMDAwMDAsImRlbGV0ZSI6MTIwMDAwMDAwMDAwMH0sInNjaGVtYV92ZXJzaW9uIjoiMSJ9",
          "dependencies": [
            "module.vpc.aws_vpc.this",
            "module.vpc.aws_vpc_ipv4_cidr_block_association.this"
          ]
        },
        {
          "index_key": 2,
          "schema_version": 1,
          "attributes": {
            "arn": "arn:aws:ec2:us-east-1:729186614334:subnet/subnet-098535bbe5d6d8bb1",
            "assign_ipv6_address_on_creation": false,
            "availability_zone": "us-east-1c",
            "availability_zone_id": "use1-az1",
            "cidr_block": "172.23.64.0/22",
            "customer_owned_ipv4_pool": "",
            "enable_dns64": false,
            "enable_resource_name_dns_a_record_on_launch": false,
            "enable_resource_name_dns_aaaa_record_on_launch": false,
            "id": "subnet-098535bbe5d6d8bb1",
            "ipv6_cidr_block": "",
            "ipv6_cidr_block_association_id": "",
            "ipv6_native": false,
            "map_customer_owned_ip_on_launch": false,
            "map_public_ip_on_launch": false,
            "outpost_arn": "",
            "owner_id": "729186614334",
            "private_dns_hostname_type_on_launch": "ip-name",
            "tags": {
              "Name": "caldera-test_private"
            },
            "tags_all": {
              "Name": "caldera-test_private"
            },
            "timeouts": null,
            "vpc_id": "vpc-0c7e18476be05b8a1"
          },
          "sensitive_attributes": [],
          "private": "eyJlMmJmYjczMC1lY2FhLTExZTYtOGY4OC0zNDM2M2JjN2M0YzAiOnsiY3JlYXRlIjo2MDAwMDAwMDAwMDAsImRlbGV0ZSI6MTIwMDAwMDAwMDAwMH0sInNjaGVtYV92ZXJzaW9uIjoiMSJ9",
          "dependencies": [
            "module.vpc.aws_vpc.this",
            "module.vpc.aws_vpc_ipv4_cidr_block_association.this"
          ]
        },
        {
          "index_key": 3,
          "schema_version": 1,
          "attributes": {
            "arn": "arn:aws:ec2:us-east-1:729186614334:subnet/subnet-0e4645cf4161b7b71",
            "assign_ipv6_address_on_creation": false,
            "availability_zone": "us-east-1d",
            "availability_zone_id": "use1-az2",
            "cidr_block": "172.23.96.0/22",
            "customer_owned_ipv4_pool": "",
            "enable_dns64": false,
            "enable_resource_name_dns_a_record_on_launch": false,
            "enable_resource_name_dns_aaaa_record_on_launch": false,
            "id": "subnet-0e4645cf4161b7b71",
            "ipv6_cidr_block": "",
            "ipv6_cidr_block_association_id": "",
            "ipv6_native": false,
            "map_customer_owned_ip_on_launch": false,
            "map_public_ip_on_launch": false,
            "outpost_arn": "",
            "owner_id": "729186614334",
            "private_dns_hostname_type_on_launch": "ip-name",
            "tags": {
              "Name": "caldera-test_private"
            },
            "tags_all": {
              "Name": "caldera-test_private"
            },
            "timeouts": null,
            "vpc_id": "vpc-0c7e18476be05b8a1"
          },
          "sensitive_attributes": [],
          "private": "eyJlMmJmYjczMC1lY2FhLTExZTYtOGY4OC0zNDM2M2JjN2M0YzAiOnsiY3JlYXRlIjo2MDAwMDAwMDAwMDAsImRlbGV0ZSI6MTIwMDAwMDAwMDAwMH0sInNjaGVtYV92ZXJzaW9uIjoiMSJ9",
          "dependencies": [
            "module.vpc.aws_vpc.this",
            "module.vpc.aws_vpc_ipv4_cidr_block_association.this"
          ]
        },
        {
          "index_key": 4,
          "schema_version": 1,
          "attributes": {
            "arn": "arn:aws:ec2:us-east-1:729186614334:subnet/subnet-0d29c50a41ccdb79a",
            "assign_ipv6_address_on_creation": false,
            "availability_zone": "us-east-1f",
            "availability_zone_id": "use1-az5",
            "cidr_block": "172.23.160.0/22",
            "customer_owned_ipv4_pool": "",
            "enable_dns64": false,
            "enable_resource_name_dns_a_record_on_launch": false,
            "enable_resource_name_dns_aaaa_record_on_launch": false,
            "id": "subnet-0d29c50a41ccdb79a",
            "ipv6_cidr_block": "",
            "ipv6_cidr_block_association_id": "",
            "ipv6_native": false,
            "map_customer_owned_ip_on_launch": false,
            "map_public_ip_on_launch": false,
            "outpost_arn": "",
            "owner_id": "729186614334",
            "private_dns_hostname_type_on_launch": "ip-name",
            "tags": {
              "Name": "caldera-test_private"
            },
            "tags_all": {
              "Name": "caldera-test_private"
            },
            "timeouts": null,
            "vpc_id": "vpc-0c7e18476be05b8a1"
          },
          "sensitive_attributes": [],
          "private": "eyJlMmJmYjczMC1lY2FhLTExZTYtOGY4OC0zNDM2M2JjN2M0YzAiOnsiY3JlYXRlIjo2MDAwMDAwMDAwMDAsImRlbGV0ZSI6MTIwMDAwMDAwMDAwMH0sInNjaGVtYV92ZXJzaW9uIjoiMSJ9",
          "dependencies": [
            "module.vpc.aws_vpc.this",
            "module.vpc.aws_vpc_ipv4_cidr_block_association.this"
          ]
        }
      ]
    },
    {
      "module": "module.vpc",
      "mode": "managed",
      "type": "aws_subnet",
      "name": "public",
      "provider": "provider[\"registry.terraform.io/hashicorp/aws\"]",
      "instances": [
        {
          "index_key": 0,
          "schema_version": 1,
          "attributes": {
            "arn": "arn:aws:ec2:us-east-1:729186614334:subnet/subnet-0e6a01043a943a53f",
            "assign_ipv6_address_on_creation": false,
            "availability_zone": "us-east-1a",
            "availability_zone_id": "use1-az4",
            "cidr_block": "172.23.4.0/22",
            "customer_owned_ipv4_pool": "",
            "enable_dns64": false,
            "enable_resource_name_dns_a_record_on_launch": false,
            "enable_resource_name_dns_aaaa_record_on_launch": false,
            "id": "subnet-0e6a01043a943a53f",
            "ipv6_cidr_block": "",
            "ipv6_cidr_block_association_id": "",
            "ipv6_native": false,
            "map_customer_owned_ip_on_launch": false,
            "map_public_ip_on_launch": true,
            "outpost_arn": "",
            "owner_id": "729186614334",
            "private_dns_hostname_type_on_launch": "ip-name",
            "tags": {
              "Name": "caldera-test_public"
            },
            "tags_all": {
              "Name": "caldera-test_public"
            },
            "timeouts": null,
            "vpc_id": "vpc-0c7e18476be05b8a1"
          },
          "sensitive_attributes": [],
          "private": "eyJlMmJmYjczMC1lY2FhLTExZTYtOGY4OC0zNDM2M2JjN2M0YzAiOnsiY3JlYXRlIjo2MDAwMDAwMDAwMDAsImRlbGV0ZSI6MTIwMDAwMDAwMDAwMH0sInNjaGVtYV92ZXJzaW9uIjoiMSJ9",
          "dependencies": [
            "module.vpc.aws_vpc.this",
            "module.vpc.aws_vpc_ipv4_cidr_block_association.this"
          ]
        },
        {
          "index_key": 1,
          "schema_version": 1,
          "attributes": {
            "arn": "arn:aws:ec2:us-east-1:729186614334:subnet/subnet-0c66a9185196a5d41",
            "assign_ipv6_address_on_creation": false,
            "availability_zone": "us-east-1b",
            "availability_zone_id": "use1-az6",
            "cidr_block": "172.23.36.0/22",
            "customer_owned_ipv4_pool": "",
            "enable_dns64": false,
            "enable_resource_name_dns_a_record_on_launch": false,
            "enable_resource_name_dns_aaaa_record_on_launch": false,
            "id": "subnet-0c66a9185196a5d41",
            "ipv6_cidr_block": "",
            "ipv6_cidr_block_association_id": "",
            "ipv6_native": false,
            "map_customer_owned_ip_on_launch": false,
            "map_public_ip_on_launch": true,
            "outpost_arn": "",
            "owner_id": "729186614334",
            "private_dns_hostname_type_on_launch": "ip-name",
            "tags": {
              "Name": "caldera-test_public"
            },
            "tags_all": {
              "Name": "caldera-test_public"
            },
            "timeouts": null,
            "vpc_id": "vpc-0c7e18476be05b8a1"
          },
          "sensitive_attributes": [],
          "private": "eyJlMmJmYjczMC1lY2FhLTExZTYtOGY4OC0zNDM2M2JjN2M0YzAiOnsiY3JlYXRlIjo2MDAwMDAwMDAwMDAsImRlbGV0ZSI6MTIwMDAwMDAwMDAwMH0sInNjaGVtYV92ZXJzaW9uIjoiMSJ9",
          "dependencies": [
            "module.vpc.aws_vpc.this",
            "module.vpc.aws_vpc_ipv4_cidr_block_association.this"
          ]
        },
        {
          "index_key": 2,
          "schema_version": 1,
          "attributes": {
            "arn": "arn:aws:ec2:us-east-1:729186614334:subnet/subnet-0053c355490d0c77a",
            "assign_ipv6_address_on_creation": false,
            "availability_zone": "us-east-1c",
            "availability_zone_id": "use1-az1",
            "cidr_block": "172.23.68.0/22",
            "customer_owned_ipv4_pool": "",
            "enable_dns64": false,
            "enable_resource_name_dns_a_record_on_launch": false,
            "enable_resource_name_dns_aaaa_record_on_launch": false,
            "id": "subnet-0053c355490d0c77a",
            "ipv6_cidr_block": "",
            "ipv6_cidr_block_association_id": "",
            "ipv6_native": false,
            "map_customer_owned_ip_on_launch": false,
            "map_public_ip_on_launch": true,
            "outpost_arn": "",
            "owner_id": "729186614334",
            "private_dns_hostname_type_on_launch": "ip-name",
            "tags": {
              "Name": "caldera-test_public"
            },
            "tags_all": {
              "Name": "caldera-test_public"
            },
            "timeouts": null,
            "vpc_id": "vpc-0c7e18476be05b8a1"
          },
          "sensitive_attributes": [],
          "private": "eyJlMmJmYjczMC1lY2FhLTExZTYtOGY4OC0zNDM2M2JjN2M0YzAiOnsiY3JlYXRlIjo2MDAwMDAwMDAwMDAsImRlbGV0ZSI6MTIwMDAwMDAwMDAwMH0sInNjaGVtYV92ZXJzaW9uIjoiMSJ9",
          "dependencies": [
            "module.vpc.aws_vpc.this",
            "module.vpc.aws_vpc_ipv4_cidr_block_association.this"
          ]
        },
        {
          "index_key": 3,
          "schema_version": 1,
          "attributes": {
            "arn": "arn:aws:ec2:us-east-1:729186614334:subnet/subnet-08759ad3fa6a3cf5f",
            "assign_ipv6_address_on_creation": false,
            "availability_zone": "us-east-1d",
            "availability_zone_id": "use1-az2",
            "cidr_block": "172.23.100.0/22",
            "customer_owned_ipv4_pool": "",
            "enable_dns64": false,
            "enable_resource_name_dns_a_record_on_launch": false,
            "enable_resource_name_dns_aaaa_record_on_launch": false,
            "id": "subnet-08759ad3fa6a3cf5f",
            "ipv6_cidr_block": "",
            "ipv6_cidr_block_association_id": "",
            "ipv6_native": false,
            "map_customer_owned_ip_on_launch": false,
            "map_public_ip_on_launch": true,
            "outpost_arn": "",
            "owner_id": "729186614334",
            "private_dns_hostname_type_on_launch": "ip-name",
            "tags": {
              "Name": "caldera-test_public"
            },
            "tags_all": {
              "Name": "caldera-test_public"
            },
            "timeouts": null,
            "vpc_id": "vpc-0c7e18476be05b8a1"
          },
          "sensitive_attributes": [],
          "private": "eyJlMmJmYjczMC1lY2FhLTExZTYtOGY4OC0zNDM2M2JjN2M0YzAiOnsiY3JlYXRlIjo2MDAwMDAwMDAwMDAsImRlbGV0ZSI6MTIwMDAwMDAwMDAwMH0sInNjaGVtYV92ZXJzaW9uIjoiMSJ9",
          "dependencies": [
            "module.vpc.aws_vpc.this",
            "module.vpc.aws_vpc_ipv4_cidr_block_association.this"
          ]
        },
        {
          "index_key": 4,
          "schema_version": 1,
          "attributes": {
            "arn": "arn:aws:ec2:us-east-1:729186614334:subnet/subnet-05e248a904c4c25be",
            "assign_ipv6_address_on_creation": false,
            "availability_zone": "us-east-1f",
            "availability_zone_id": "use1-az5",
            "cidr_block": "172.23.164.0/22",
            "customer_owned_ipv4_pool": "",
            "enable_dns64": false,
            "enable_resource_name_dns_a_record_on_launch": false,
            "enable_resource_name_dns_aaaa_record_on_launch": false,
            "id": "subnet-05e248a904c4c25be",
            "ipv6_cidr_block": "",
            "ipv6_cidr_block_association_id": "",
            "ipv6_native": false,
            "map_customer_owned_ip_on_launch": false,
            "map_public_ip_on_launch": true,
            "outpost_arn": "",
            "owner_id": "729186614334",
            "private_dns_hostname_type_on_launch": "ip-name",
            "tags": {
              "Name": "caldera-test_public"
            },
            "tags_all": {
              "Name": "caldera-test_public"
            },
            "timeouts": null,
            "vpc_id": "vpc-0c7e18476be05b8a1"
          },
          "sensitive_attributes": [],
          "private": "eyJlMmJmYjczMC1lY2FhLTExZTYtOGY4OC0zNDM2M2JjN2M0YzAiOnsiY3JlYXRlIjo2MDAwMDAwMDAwMDAsImRlbGV0ZSI6MTIwMDAwMDAwMDAwMH0sInNjaGVtYV92ZXJzaW9uIjoiMSJ9",
          "dependencies": [
            "module.vpc.aws_vpc.this",
            "module.vpc.aws_vpc_ipv4_cidr_block_association.this"
          ]
        }
      ]
    },
    {
      "module": "module.vpc",
      "mode": "managed",
      "type": "aws_vpc",
      "name": "this",
      "provider": "provider[\"registry.terraform.io/hashicorp/aws\"]",
      "instances": [
        {
          "index_key": 0,
          "schema_version": 1,
          "attributes": {
            "arn": "arn:aws:ec2:us-east-1:729186614334:vpc/vpc-0c7e18476be05b8a1",
            "assign_generated_ipv6_cidr_block": false,
            "cidr_block": "172.23.0.0/16",
            "default_network_acl_id": "acl-01ac10d00cc7597a6",
            "default_route_table_id": "rtb-05e5dab59997a68b2",
            "default_security_group_id": "sg-07e0c7203ee2b8bb0",
            "dhcp_options_id": "dopt-03c9d138c79ee6a92",
            "enable_classiclink": false,
            "enable_classiclink_dns_support": false,
            "enable_dns_hostnames": true,
            "enable_dns_support": true,
            "id": "vpc-0c7e18476be05b8a1",
            "instance_tenancy": "default",
            "ipv4_ipam_pool_id": null,
            "ipv4_netmask_length": null,
            "ipv6_association_id": "",
            "ipv6_cidr_block": "",
            "ipv6_cidr_block_network_border_group": "",
            "ipv6_ipam_pool_id": "",
            "ipv6_netmask_length": 0,
            "main_route_table_id": "rtb-05e5dab59997a68b2",
            "owner_id": "729186614334",
            "tags": {
              "Name": "VPC"
            },
            "tags_all": {
              "Name": "VPC"
            }
          },
          "sensitive_attributes": [],
          "private": "eyJzY2hlbWFfdmVyc2lvbiI6IjEifQ=="
        }
      ]
    }
  ]
}
