{
  "version": 4,
  "terraform_version": "1.2.4",
  "serial": 182,
  "lineage": "650b77a1-5320-42fd-5487-8699658a278b",
  "outputs": {
    "caldera_server_id": {
      "value": "i-01247e81a8d6420fe",
      "type": "string"
    },
    "caldera_server_ip": {
      "value": "54.235.226.127",
      "type": "string"
    },
    "rsa_private_key": {
      "value": "-----BEGIN RSA PRIVATE KEY-----\nMIIJKAIBAAKCAgEA4UitQ7/G5XrKJT026x+rcgilfzhFI5DIuwny8zNLgKjHtmfF\nJQKAorU6AP+9KnFPnnbWRiya2T1wKUCU/Qm0iSWcl0Ydcv7fFGlaaF+EwUk/iS46\nqoANNLdj+uKEk1w7hYcMccfQoufVZt4+g34OSIpsUHsAlW2SmN1FLkt9SvT+tWPv\nFEEAKfzbFqeYGYucLk9dUYZafsNWlT6xwcAq+M8rmEYtxmkZpp9Tiy4Twefg5eQG\n0VoscJny5nPsv/5SSPmr6BDenp/L2Th7awINk2k2qHSUAxAhx/I8qDI2rbHTggm3\nsibyAZThsM5PYQQx3F23OALNJV3zMbiXerVh6P1EpuIvqKrN9qQXiwajNuHKpvbW\nbJO2CjGJKTvwOCJ5nXLW0yBh1MHD0lLCUCSY0PjLVkgZB1qJL5wDSWSenbwcd2Cz\nPNFBJR6jJPKQ1IZhkl0ETxTpUOIXF8MtWGB6uOigeQg7FMDFIZn2X01ogZtWrY8t\nMFbjW+3CTDloA0xYmR9hE/hZjOBCCe4oWuYjxFJatYB33r4a8sr6rfDMYWx2HjAG\nOSHdpo6NwMfp/N2tQaP2YeCnuOeQrBtH8i+Unb18XAUJCX5/0CpygXtAufEbY0sf\nRr7pHl1uluNsQTF89lty2QW83R/rzhGEkaWTwchbMYAH7mlfkVzGLG00nV0CAwEA\nAQKCAgAgbe/TItYkzoou1iMDsaliXvBD4fvB5OOgWQxKCgZCXQlyrnlonHWb9m6F\nGktGwsztSLoLm/wmbXup1Iwd6Lm+TFXASO2QUjQWohvLjoRztnGY87iqNoiwH/4a\nbWUcOViwHgKillroOGs1xaRGFW1E7/grlak92WoS6zc8NM2ybpYD0oDl731wjd+T\n4Ug51SkEWZRbWfXI7aGXFlFMTLdi3Z+u6dtJBnQU0jaagGWDsjdjoHGCzXI8O00F\n84YPFTMPIjGm1FbXirUzbbgGbWM65xhhI3bzAe169NnadG/+jOyfeXqiAI0xwRbD\n9s7iblInIK5xN6YETQPnEmVr2pRfSmnQcEDhGjLzgLyUVyzWURMRpY87FvzZ2Z3W\nc5Lso7PAA9ihv4924YwzBrMCCTISRh/b3DO6Hqzv0QpzkYEjUYCDeuVlsJlu5Gm5\nBngdpJqkkSJXm2BkIyCbjtltioQHH9f0TFUu2a5/C9C8B5ZHM79xFMYGfW82yZ6K\niIf/TWsfEcQKsbU7w7G8QXhDRQ3pecsqp/4wkZMkzJpG5k9fST27DiLKp88VAH0s\nJoe/qah+9P3a5nje2shwBnirSsDA8+xsFgfi6dHZwP58pwSGczrq6x3xjGI54Ubq\ng4043R6NqbghCmtcbsLuWXFpBa/vxk7Wa2/ACiKeNUoap29L2QKCAQEA/RLydJSB\nLZmW0A4ycWnElWi4XumYW70iD7kv1uYSHCLtfcvoUQPLDxETMc2vOOdGXV8xoEsq\nscfqdXUMTr+OKMMDMsw8F1x0pztcch4a5EIjf1ZBxWwwLkpyaWtEKOmK/MjWvflx\ng/uAQ9J0WH2zs2rAuHU3UpMp4H307PYhjOnrTxxSo2GssTil2uLdg191bGv5MzGe\nzYYl6bOLsfiwrH72VSEkugNwj3Xpw47RM/PnafmwC22W66EUrrq0Jm+RKT2Y5YRu\nbGEDmxP6b3kLdkS5HSva8REPRmQ1cqFYz/qIMCf/+wWy3YZaGIC1jRaxoUdOOy/l\nWUOWxy/mDu9viwKCAQEA4+N53feYuZuNln11WoZPIfVsUvnkD2DsTF61Bzh9qBy7\nlRKUnwhUrJcpNKfCgmdB/HTvhZHiBWwomrChYYHMsgR96PQRAf1zeBggokhj3UVy\nINf75ZrF+RWRjl//z/lWMcT16kOBS0vBE7e0PfVrkJSwGk+urd3I2bobTJfgaCbd\nORdtABbTMAbzNid1GcshzmpavnZfpBDa/16XuleU8jGLSNqHjdmJpBMZ1WntYATG\nBjCU18i5Fg9RjTRaAFn43CwXqpAj1/l4vdHBkH8wW93TGXeOCmrbYen8bZkFTGng\n1oaGslmhtU6TD2+TnPCfUKIdRyxHiGl4Odv2HN/DtwKCAQAqr31xqHK5bESBx0M+\n2eYshUNDzwbBwn7yQ/wLtTasxD9mjnQa5hbj7a9dISJC6M93hEzsioEjB2NGeH2g\n8rJZsbriYIxqLFAIvPx0yxsiEP3HxpbFY+Akjq4JlewjMnEc/gsqc95vsoYJ6n9x\nRZJ/2quy8SJprSTNFrGvHjy+dd4Ys+BEan8kTTe8WbOfKwS1Suj3d5EffVb7uir/\n08CI98k4xqRZM6dSq0LIl1g1+Re5SkIlS1C/YaYJarhkG0FSwW7+l33AjgR7rbz5\n/GKwihrnDrSZIJWA+/n/4bMHMWyzIqwMfQOUVcrwgxUcPQ2s9Ef/t65phfrykeOt\n9TjNAoIBAQDW5cchKwApX2e4VxyYPflXc6Ev6hhG7EZIijK52WqdYmL946SlB20Z\nx/4CeoRxBkByei74zSXPqTvtC81TLtzBrnyxdZ6oOsJtqIr1ncAWhAtor2QKE9bG\n2bEGCr8n9t9yVWL1A61kPM6Y8m4U018Y2y3p0eRObsudjeN6aeojLSsGUHHoWJ3U\nN2mYUsMZjLWXejGSU/xCseZiVGhOP5LkhRXsoK6ddFtYju6YkqhXGIlIgv2JMu5e\nwBlOR+TrWezUavvySrSSUN2sWqXmxhnrN5Z++H/IkRXKEqWJEHivo1Rz2C4i92UH\nnU4Oi1Au+bWyiv2DBV17ZMIMBcHjXpunAoIBACtiHcJeS2svKYsMr9khmTyCHNU8\nyImQ5n6w/Pdopwm5db80OJdFGC10yXpOpI7vk+to0PhkJK/aj9vYdZ2RXQE6LReC\n8EN69f/cJrO5Pt6fe+FqtOA6NT6Wee6aiaF6N898FJbNpjct+x0npXZWn7suqqpH\ntS9FwxJU93EKhz/pPOt7VYBL+w3Ku/Eovj8WE5KXTjEzskxG9g60Cblots+wBYBI\neLoYPt36qcnuK3UqTi2Ms3ncewcdoFXe75GJpNnwyZmx/0EUx7JugzmSbDxXijBI\n/V+KGBlKrItHMFTf5s3MyGlXZCBnhk28aGJq152dZg0rU+daleOHLz8iNLA=\n-----END RSA PRIVATE KEY-----\n",
      "type": "string"
    }
  },
  "resources": [
    {
      "mode": "managed",
      "type": "aws_instance",
      "name": "caldera_server",
      "provider": "provider[\"registry.terraform.io/hashicorp/aws\"]",
      "instances": [
        {
          "schema_version": 1,
          "attributes": {
            "ami": "ami-09d56f8956ab235b3",
            "arn": "arn:aws:ec2:us-east-1:164325525997:instance/i-01247e81a8d6420fe",
            "associate_public_ip_address": true,
            "availability_zone": "us-east-1a",
            "capacity_reservation_specification": [
              {
                "capacity_reservation_preference": "open",
                "capacity_reservation_target": []
              }
            ],
            "cpu_core_count": 1,
            "cpu_threads_per_core": 2,
            "credit_specification": [
              {
                "cpu_credits": "unlimited"
              }
            ],
            "disable_api_stop": false,
            "disable_api_termination": false,
            "ebs_block_device": [],
            "ebs_optimized": false,
            "enclave_options": [
              {
                "enabled": false
              }
            ],
            "ephemeral_block_device": [],
            "get_password_data": false,
            "hibernation": false,
            "host_id": null,
            "iam_instance_profile": "",
            "id": "i-01247e81a8d6420fe",
            "instance_initiated_shutdown_behavior": "stop",
            "instance_state": "running",
            "instance_type": "t3.medium",
            "ipv6_address_count": 0,
            "ipv6_addresses": [],
            "key_name": "caldera-nodes",
            "launch_template": [],
            "maintenance_options": [
              {
                "auto_recovery": "default"
              }
            ],
            "metadata_options": [
              {
                "http_endpoint": "enabled",
                "http_put_response_hop_limit": 1,
                "http_tokens": "optional",
                "instance_metadata_tags": "disabled"
              }
            ],
            "monitoring": false,
            "network_interface": [],
            "outpost_arn": "",
            "password_data": "",
            "placement_group": "",
            "placement_partition_number": null,
            "primary_network_interface_id": "eni-03832389ebaf87f3d",
            "private_dns": "ip-172-23-4-95.ec2.internal",
            "private_dns_name_options": [
              {
                "enable_resource_name_dns_a_record": false,
                "enable_resource_name_dns_aaaa_record": false,
                "hostname_type": "ip-name"
              }
            ],
            "private_ip": "172.23.4.95",
            "public_dns": "ec2-54-235-226-127.compute-1.amazonaws.com",
            "public_ip": "54.235.226.127",
            "root_block_device": [
              {
                "delete_on_termination": true,
                "device_name": "/dev/sda1",
                "encrypted": false,
                "iops": 100,
                "kms_key_id": "",
                "tags": {},
                "throughput": 0,
                "volume_id": "vol-01020372318881bee",
                "volume_size": 8,
                "volume_type": "gp2"
              }
            ],
            "secondary_private_ips": [],
            "security_groups": [],
            "source_dest_check": true,
            "subnet_id": "subnet-0536ab1f26c8b0576",
            "tags": {
              "Name": "caldera_server",
              "environment": "caldera-test"
            },
            "tags_all": {
              "Name": "caldera_server",
              "environment": "caldera-test"
            },
            "tenancy": "default",
            "timeouts": null,
            "user_data": null,
            "user_data_base64": null,
            "user_data_replace_on_change": false,
            "volume_tags": null,
            "vpc_security_group_ids": [
              "sg-0711fd5728218dc1b"
            ]
          },
          "sensitive_attributes": [],
          "private": "eyJlMmJmYjczMC1lY2FhLTExZTYtOGY4OC0zNDM2M2JjN2M0YzAiOnsiY3JlYXRlIjo2MDAwMDAwMDAwMDAsImRlbGV0ZSI6MTIwMDAwMDAwMDAwMCwidXBkYXRlIjo2MDAwMDAwMDAwMDB9LCJzY2hlbWFfdmVyc2lvbiI6IjEifQ==",
          "dependencies": [
            "aws_security_group.sg_caldera_server",
            "module.aws_rsa_key.aws_key_pair.worker",
            "module.aws_rsa_key.local_file.ssh_local",
            "module.aws_rsa_key.tls_private_key.ssh_key",
            "module.vpc.aws_cloudwatch_log_group.flow_log",
            "module.vpc.aws_customer_gateway.this",
            "module.vpc.aws_db_subnet_group.database",
            "module.vpc.aws_default_network_acl.this",
            "module.vpc.aws_default_route_table.default",
            "module.vpc.aws_default_security_group.this",
            "module.vpc.aws_default_vpc.this",
            "module.vpc.aws_egress_only_internet_gateway.this",
            "module.vpc.aws_eip.nat",
            "module.vpc.aws_elasticache_subnet_group.elasticache",
            "module.vpc.aws_flow_log.this",
            "module.vpc.aws_iam_policy.vpc_flow_log_cloudwatch",
            "module.vpc.aws_iam_role.vpc_flow_log_cloudwatch",
            "module.vpc.aws_iam_role_policy_attachment.vpc_flow_log_cloudwatch",
            "module.vpc.aws_internet_gateway.this",
            "module.vpc.aws_nat_gateway.this",
            "module.vpc.aws_network_acl.database",
            "module.vpc.aws_network_acl.elasticache",
            "module.vpc.aws_network_acl.intra",
            "module.vpc.aws_network_acl.outpost",
            "module.vpc.aws_network_acl.private",
            "module.vpc.aws_network_acl.public",
            "module.vpc.aws_network_acl.redshift",
            "module.vpc.aws_network_acl_rule.database_inbound",
            "module.vpc.aws_network_acl_rule.database_outbound",
            "module.vpc.aws_network_acl_rule.elasticache_inbound",
            "module.vpc.aws_network_acl_rule.elasticache_outbound",
            "module.vpc.aws_network_acl_rule.intra_inbound",
            "module.vpc.aws_network_acl_rule.intra_outbound",
            "module.vpc.aws_network_acl_rule.outpost_inbound",
            "module.vpc.aws_network_acl_rule.outpost_outbound",
            "module.vpc.aws_network_acl_rule.private_inbound",
            "module.vpc.aws_network_acl_rule.private_outbound",
            "module.vpc.aws_network_acl_rule.public_inbound",
            "module.vpc.aws_network_acl_rule.public_outbound",
            "module.vpc.aws_network_acl_rule.redshift_inbound",
            "module.vpc.aws_network_acl_rule.redshift_outbound",
            "module.vpc.aws_redshift_subnet_group.redshift",
            "module.vpc.aws_route.database_internet_gateway",
            "module.vpc.aws_route.database_ipv6_egress",
            "module.vpc.aws_route.database_nat_gateway",
            "module.vpc.aws_route.private_ipv6_egress",
            "module.vpc.aws_route.private_nat_gateway",
            "module.vpc.aws_route.public_internet_gateway",
            "module.vpc.aws_route.public_internet_gateway_ipv6",
            "module.vpc.aws_route_table.database",
            "module.vpc.aws_route_table.elasticache",
            "module.vpc.aws_route_table.intra",
            "module.vpc.aws_route_table.private",
            "module.vpc.aws_route_table.public",
            "module.vpc.aws_route_table.redshift",
            "module.vpc.aws_route_table_association.database",
            "module.vpc.aws_route_table_association.elasticache",
            "module.vpc.aws_route_table_association.intra",
            "module.vpc.aws_route_table_association.outpost",
            "module.vpc.aws_route_table_association.private",
            "module.vpc.aws_route_table_association.public",
            "module.vpc.aws_route_table_association.redshift",
            "module.vpc.aws_route_table_association.redshift_public",
            "module.vpc.aws_subnet.database",
            "module.vpc.aws_subnet.elasticache",
            "module.vpc.aws_subnet.intra",
            "module.vpc.aws_subnet.outpost",
            "module.vpc.aws_subnet.private",
            "module.vpc.aws_subnet.public",
            "module.vpc.aws_subnet.redshift",
            "module.vpc.aws_vpc.this",
            "module.vpc.aws_vpc_dhcp_options.this",
            "module.vpc.aws_vpc_dhcp_options_association.this",
            "module.vpc.aws_vpc_ipv4_cidr_block_association.this",
            "module.vpc.aws_vpn_gateway.this",
            "module.vpc.aws_vpn_gateway_attachment.this",
            "module.vpc.aws_vpn_gateway_route_propagation.intra",
            "module.vpc.aws_vpn_gateway_route_propagation.private",
            "module.vpc.aws_vpn_gateway_route_propagation.public",
            "module.vpc.data.aws_iam_policy_document.flow_log_cloudwatch_assume_role",
            "module.vpc.data.aws_iam_policy_document.vpc_flow_log_cloudwatch"
          ]
        }
      ]
    },
    {
      "mode": "managed",
      "type": "aws_security_group",
      "name": "sg_caldera_server",
      "provider": "provider[\"registry.terraform.io/hashicorp/aws\"]",
      "instances": [
        {
          "schema_version": 1,
          "attributes": {
            "arn": "arn:aws:ec2:us-east-1:164325525997:security-group/sg-0711fd5728218dc1b",
            "description": "Allow ports for caldera server",
            "egress": [
              {
                "cidr_blocks": [
                  "0.0.0.0/0"
                ],
                "description": "",
                "from_port": 0,
                "ipv6_cidr_blocks": [],
                "prefix_list_ids": [],
                "protocol": "-1",
                "security_groups": [],
                "self": false,
                "to_port": 0
              }
            ],
            "id": "sg-0711fd5728218dc1b",
            "ingress": [
              {
                "cidr_blocks": [
                  "0.0.0.0/0"
                ],
                "description": "Caldera server port",
                "from_port": 2288,
                "ipv6_cidr_blocks": [],
                "prefix_list_ids": [],
                "protocol": "tcp",
                "security_groups": [],
                "self": false,
                "to_port": 2288
              },
              {
                "cidr_blocks": [
                  "0.0.0.0/0"
                ],
                "description": "SSH from VPC",
                "from_port": 22,
                "ipv6_cidr_blocks": [],
                "prefix_list_ids": [],
                "protocol": "tcp",
                "security_groups": [],
                "self": false,
                "to_port": 22
              }
            ],
            "name": "sg_caldera_server",
            "name_prefix": "",
            "owner_id": "164325525997",
            "revoke_rules_on_delete": false,
            "tags": {
              "environment": "caldera-test"
            },
            "tags_all": {
              "environment": "caldera-test"
            },
            "timeouts": null,
            "vpc_id": "vpc-0ae9168ccae7d77b2"
          },
          "sensitive_attributes": [],
          "private": "eyJlMmJmYjczMC1lY2FhLTExZTYtOGY4OC0zNDM2M2JjN2M0YzAiOnsiY3JlYXRlIjo2MDAwMDAwMDAwMDAsImRlbGV0ZSI6OTAwMDAwMDAwMDAwfSwic2NoZW1hX3ZlcnNpb24iOiIxIn0=",
          "dependencies": [
            "module.vpc.aws_vpc.this"
          ]
        }
      ]
    },
    {
      "module": "module.aws_rsa_key",
      "mode": "managed",
      "type": "aws_key_pair",
      "name": "worker",
      "provider": "provider[\"registry.terraform.io/hashicorp/aws\"]",
      "instances": [
        {
          "schema_version": 1,
          "attributes": {
            "arn": "arn:aws:ec2:us-east-1:164325525997:key-pair/caldera-nodes",
            "fingerprint": "f6:3b:7c:0e:fa:b4:09:d2:76:88:9d:a4:6b:09:eb:43",
            "id": "caldera-nodes",
            "key_name": "caldera-nodes",
            "key_name_prefix": "",
            "key_pair_id": "key-0cda0a95ae7b737d3",
            "key_type": "rsa",
            "public_key": "ssh-rsa AAAAB3NzaC1yc2EAAAADAQABAAACAQDhSK1Dv8blesolPTbrH6tyCKV/OEUjkMi7CfLzM0uAqMe2Z8UlAoCitToA/70qcU+edtZGLJrZPXApQJT9CbSJJZyXRh1y/t8UaVpoX4TBST+JLjqqgA00t2P64oSTXDuFhwxxx9Ci59Vm3j6Dfg5IimxQewCVbZKY3UUuS31K9P61Y+8UQQAp/NsWp5gZi5wuT11Rhlp+w1aVPrHBwCr4zyuYRi3GaRmmn1OLLhPB5+Dl5AbRWixwmfLmc+y//lJI+avoEN6en8vZOHtrAg2TaTaodJQDECHH8jyoMjatsdOCCbeyJvIBlOGwzk9hBDHcXbc4As0lXfMxuJd6tWHo/USm4i+oqs32pBeLBqM24cqm9tZsk7YKMYkpO/A4InmdctbTIGHUwcPSUsJQJJjQ+MtWSBkHWokvnANJZJ6dvBx3YLM80UElHqMk8pDUhmGSXQRPFOlQ4hcXwy1YYHq46KB5CDsUwMUhmfZfTWiBm1atjy0wVuNb7cJMOWgDTFiZH2ET+FmM4EIJ7iha5iPEUlq1gHfevhryyvqt8MxhbHYeMAY5Id2mjo3Ax+n83a1Bo/Zh4Ke455CsG0fyL5SdvXxcBQkJfn/QKnKBe0C58RtjSx9GvukeXW6W42xBMXz2W3LZBbzdH+vOEYSRpZPByFsxgAfuaV+RXMYsbTSdXQ==",
            "tags": null,
            "tags_all": {}
          },
          "sensitive_attributes": [],
          "private": "eyJzY2hlbWFfdmVyc2lvbiI6IjEifQ==",
          "dependencies": [
            "module.aws_rsa_key.tls_private_key.ssh_key",
            "module.vpc.aws_cloudwatch_log_group.flow_log",
            "module.vpc.aws_customer_gateway.this",
            "module.vpc.aws_db_subnet_group.database",
            "module.vpc.aws_default_network_acl.this",
            "module.vpc.aws_default_route_table.default",
            "module.vpc.aws_default_security_group.this",
            "module.vpc.aws_default_vpc.this",
            "module.vpc.aws_egress_only_internet_gateway.this",
            "module.vpc.aws_eip.nat",
            "module.vpc.aws_elasticache_subnet_group.elasticache",
            "module.vpc.aws_flow_log.this",
            "module.vpc.aws_iam_policy.vpc_flow_log_cloudwatch",
            "module.vpc.aws_iam_role.vpc_flow_log_cloudwatch",
            "module.vpc.aws_iam_role_policy_attachment.vpc_flow_log_cloudwatch",
            "module.vpc.aws_internet_gateway.this",
            "module.vpc.aws_nat_gateway.this",
            "module.vpc.aws_network_acl.database",
            "module.vpc.aws_network_acl.elasticache",
            "module.vpc.aws_network_acl.intra",
            "module.vpc.aws_network_acl.outpost",
            "module.vpc.aws_network_acl.private",
            "module.vpc.aws_network_acl.public",
            "module.vpc.aws_network_acl.redshift",
            "module.vpc.aws_network_acl_rule.database_inbound",
            "module.vpc.aws_network_acl_rule.database_outbound",
            "module.vpc.aws_network_acl_rule.elasticache_inbound",
            "module.vpc.aws_network_acl_rule.elasticache_outbound",
            "module.vpc.aws_network_acl_rule.intra_inbound",
            "module.vpc.aws_network_acl_rule.intra_outbound",
            "module.vpc.aws_network_acl_rule.outpost_inbound",
            "module.vpc.aws_network_acl_rule.outpost_outbound",
            "module.vpc.aws_network_acl_rule.private_inbound",
            "module.vpc.aws_network_acl_rule.private_outbound",
            "module.vpc.aws_network_acl_rule.public_inbound",
            "module.vpc.aws_network_acl_rule.public_outbound",
            "module.vpc.aws_network_acl_rule.redshift_inbound",
            "module.vpc.aws_network_acl_rule.redshift_outbound",
            "module.vpc.aws_redshift_subnet_group.redshift",
            "module.vpc.aws_route.database_internet_gateway",
            "module.vpc.aws_route.database_ipv6_egress",
            "module.vpc.aws_route.database_nat_gateway",
            "module.vpc.aws_route.private_ipv6_egress",
            "module.vpc.aws_route.private_nat_gateway",
            "module.vpc.aws_route.public_internet_gateway",
            "module.vpc.aws_route.public_internet_gateway_ipv6",
            "module.vpc.aws_route_table.database",
            "module.vpc.aws_route_table.elasticache",
            "module.vpc.aws_route_table.intra",
            "module.vpc.aws_route_table.private",
            "module.vpc.aws_route_table.public",
            "module.vpc.aws_route_table.redshift",
            "module.vpc.aws_route_table_association.database",
            "module.vpc.aws_route_table_association.elasticache",
            "module.vpc.aws_route_table_association.intra",
            "module.vpc.aws_route_table_association.outpost",
            "module.vpc.aws_route_table_association.private",
            "module.vpc.aws_route_table_association.public",
            "module.vpc.aws_route_table_association.redshift",
            "module.vpc.aws_route_table_association.redshift_public",
            "module.vpc.aws_subnet.database",
            "module.vpc.aws_subnet.elasticache",
            "module.vpc.aws_subnet.intra",
            "module.vpc.aws_subnet.outpost",
            "module.vpc.aws_subnet.private",
            "module.vpc.aws_subnet.public",
            "module.vpc.aws_subnet.redshift",
            "module.vpc.aws_vpc.this",
            "module.vpc.aws_vpc_dhcp_options.this",
            "module.vpc.aws_vpc_dhcp_options_association.this",
            "module.vpc.aws_vpc_ipv4_cidr_block_association.this",
            "module.vpc.aws_vpn_gateway.this",
            "module.vpc.aws_vpn_gateway_attachment.this",
            "module.vpc.aws_vpn_gateway_route_propagation.intra",
            "module.vpc.aws_vpn_gateway_route_propagation.private",
            "module.vpc.aws_vpn_gateway_route_propagation.public",
            "module.vpc.data.aws_iam_policy_document.flow_log_cloudwatch_assume_role",
            "module.vpc.data.aws_iam_policy_document.vpc_flow_log_cloudwatch"
          ]
        }
      ]
    },
    {
      "module": "module.aws_rsa_key",
      "mode": "managed",
      "type": "tls_private_key",
      "name": "ssh_key",
      "provider": "provider[\"registry.terraform.io/hashicorp/tls\"]",
      "instances": [
        {
          "schema_version": 1,
          "attributes": {
            "algorithm": "RSA",
            "ecdsa_curve": "P224",
            "id": "879619305b3c26c5e30ee3300e6f19b123de88b7",
            "private_key_openssh": "-----BEGIN OPENSSH PRIVATE KEY-----\nb3BlbnNzaC1rZXktdjEAAAAABG5vbmUAAAAEbm9uZQAAAAAAAAABAAACFwAAAAdz\nc2gtcnNhAAAAAwEAAQAAAgEA4UitQ7/G5XrKJT026x+rcgilfzhFI5DIuwny8zNL\ngKjHtmfFJQKAorU6AP+9KnFPnnbWRiya2T1wKUCU/Qm0iSWcl0Ydcv7fFGlaaF+E\nwUk/iS46qoANNLdj+uKEk1w7hYcMccfQoufVZt4+g34OSIpsUHsAlW2SmN1FLkt9\nSvT+tWPvFEEAKfzbFqeYGYucLk9dUYZafsNWlT6xwcAq+M8rmEYtxmkZpp9Tiy4T\nwefg5eQG0VoscJny5nPsv/5SSPmr6BDenp/L2Th7awINk2k2qHSUAxAhx/I8qDI2\nrbHTggm3sibyAZThsM5PYQQx3F23OALNJV3zMbiXerVh6P1EpuIvqKrN9qQXiwaj\nNuHKpvbWbJO2CjGJKTvwOCJ5nXLW0yBh1MHD0lLCUCSY0PjLVkgZB1qJL5wDSWSe\nnbwcd2CzPNFBJR6jJPKQ1IZhkl0ETxTpUOIXF8MtWGB6uOigeQg7FMDFIZn2X01o\ngZtWrY8tMFbjW+3CTDloA0xYmR9hE/hZjOBCCe4oWuYjxFJatYB33r4a8sr6rfDM\nYWx2HjAGOSHdpo6NwMfp/N2tQaP2YeCnuOeQrBtH8i+Unb18XAUJCX5/0CpygXtA\nufEbY0sfRr7pHl1uluNsQTF89lty2QW83R/rzhGEkaWTwchbMYAH7mlfkVzGLG00\nnV0AAAc4A793VAO/d1QAAAAHc3NoLXJzYQAAAgEA4UitQ7/G5XrKJT026x+rcgil\nfzhFI5DIuwny8zNLgKjHtmfFJQKAorU6AP+9KnFPnnbWRiya2T1wKUCU/Qm0iSWc\nl0Ydcv7fFGlaaF+EwUk/iS46qoANNLdj+uKEk1w7hYcMccfQoufVZt4+g34OSIps\nUHsAlW2SmN1FLkt9SvT+tWPvFEEAKfzbFqeYGYucLk9dUYZafsNWlT6xwcAq+M8r\nmEYtxmkZpp9Tiy4Twefg5eQG0VoscJny5nPsv/5SSPmr6BDenp/L2Th7awINk2k2\nqHSUAxAhx/I8qDI2rbHTggm3sibyAZThsM5PYQQx3F23OALNJV3zMbiXerVh6P1E\npuIvqKrN9qQXiwajNuHKpvbWbJO2CjGJKTvwOCJ5nXLW0yBh1MHD0lLCUCSY0PjL\nVkgZB1qJL5wDSWSenbwcd2CzPNFBJR6jJPKQ1IZhkl0ETxTpUOIXF8MtWGB6uOig\neQg7FMDFIZn2X01ogZtWrY8tMFbjW+3CTDloA0xYmR9hE/hZjOBCCe4oWuYjxFJa\ntYB33r4a8sr6rfDMYWx2HjAGOSHdpo6NwMfp/N2tQaP2YeCnuOeQrBtH8i+Unb18\nXAUJCX5/0CpygXtAufEbY0sfRr7pHl1uluNsQTF89lty2QW83R/rzhGEkaWTwchb\nMYAH7mlfkVzGLG00nV0AAAADAQABAAACACBt79Mi1iTOii7WIwOxqWJe8EPh+8Hk\n46BZDEoKBkJdCXKueWicdZv2boUaS0bCzO1Iugub/CZte6nUjB3oub5MVcBI7ZBS\nNBaiG8uOhHO2cZjzuKo2iLAf/hptZRw5WLAeAqKWWug4azXFpEYVbUTv+CuVqT3Z\nahLrNzw0zbJulgPSgOXvfXCN35PhSDnVKQRZlFtZ9cjtoZcWUUxMt2Ldn67p20kG\ndBTSNpqAZYOyN2OgcYLNcjw7TQXzhg8VMw8iMabUVteKtTNtuAZtYzrnGGEjdvMB\n7Xr02dp0b/6M7J95eqIAjTHBFsP2zuJuUicgrnE3pgRNA+cSZWvalF9KadBwQOEa\nMvOAvJRXLNZRExGljzsW/NnZndZzkuyjs8AD2KG/j3bhjDMGswIJMhJGH9vcM7oe\nrO/RCnORgSNRgIN65WWwmW7kabkGeB2kmqSRIlebYGQjIJuO2W2KhAcf1/RMVS7Z\nrn8L0LwHlkczv3EUxgZ9bzbJnoqIh/9Nax8RxAqxtTvDsbxBeENFDel5yyqn/jCR\nkyTMmkbmT19JPbsOIsqnzxUAfSwmh7+pqH70/drmeN7ayHAGeKtKwMDz7GwWB+Lp\n0dnA/nynBIZzOurrHfGMYjnhRuqDjTjdHo2puCEKa1xuwu5ZcWkFr+/GTtZrb8AK\nIp41Shqnb0vZAAABACtiHcJeS2svKYsMr9khmTyCHNU8yImQ5n6w/Pdopwm5db80\nOJdFGC10yXpOpI7vk+to0PhkJK/aj9vYdZ2RXQE6LReC8EN69f/cJrO5Pt6fe+Fq\ntOA6NT6Wee6aiaF6N898FJbNpjct+x0npXZWn7suqqpHtS9FwxJU93EKhz/pPOt7\nVYBL+w3Ku/Eovj8WE5KXTjEzskxG9g60Cblots+wBYBIeLoYPt36qcnuK3UqTi2M\ns3ncewcdoFXe75GJpNnwyZmx/0EUx7JugzmSbDxXijBI/V+KGBlKrItHMFTf5s3M\nyGlXZCBnhk28aGJq152dZg0rU+daleOHLz8iNLAAAAEBAP0S8nSUgS2ZltAOMnFp\nxJVouF7pmFu9Ig+5L9bmEhwi7X3L6FEDyw8REzHNrzjnRl1fMaBLKrHH6nV1DE6/\njijDAzLMPBdcdKc7XHIeGuRCI39WQcVsMC5KcmlrRCjpivzI1r35cYP7gEPSdFh9\ns7NqwLh1N1KTKeB99Oz2IYzp608cUqNhrLE4pdri3YNfdWxr+TMxns2GJemzi7H4\nsKx+9lUhJLoDcI916cOO0TPz52n5sAttluuhFK66tCZvkSk9mOWEbmxhA5sT+m95\nC3ZEuR0r2vERD0ZkNXKhWM/6iDAn//sFst2GWhiAtY0WsaFHTjsv5VlDlscv5g7v\nb4sAAAEBAOPjed33mLmbjZZ9dVqGTyH1bFL55A9g7ExetQc4fagcu5USlJ8IVKyX\nKTSnwoJnQfx074WR4gVsKJqwoWGBzLIEfej0EQH9c3gYIKJIY91FciDX++WaxfkV\nkY5f/8/5VjHE9epDgUtLwRO3tD31a5CUsBpPrq3dyNm6G0yX4Ggm3TkXbQAW0zAG\n8zYndRnLIc5qWr52X6QQ2v9el7pXlPIxi0jah43ZiaQTGdVp7WAExgYwlNfIuRYP\nUY00WgBZ+NwsF6qQI9f5eL3RwZB/MFvd0xl3jgpq22Hp/G2ZBUxp4NaGhrJZobVO\nkw9vk5zwn1CiHUcsR4hpeDnb9hzfw7cAAAAAAQID\n-----END OPENSSH PRIVATE KEY-----\n",
            "private_key_pem": "-----BEGIN RSA PRIVATE KEY-----\nMIIJKAIBAAKCAgEA4UitQ7/G5XrKJT026x+rcgilfzhFI5DIuwny8zNLgKjHtmfF\nJQKAorU6AP+9KnFPnnbWRiya2T1wKUCU/Qm0iSWcl0Ydcv7fFGlaaF+EwUk/iS46\nqoANNLdj+uKEk1w7hYcMccfQoufVZt4+g34OSIpsUHsAlW2SmN1FLkt9SvT+tWPv\nFEEAKfzbFqeYGYucLk9dUYZafsNWlT6xwcAq+M8rmEYtxmkZpp9Tiy4Twefg5eQG\n0VoscJny5nPsv/5SSPmr6BDenp/L2Th7awINk2k2qHSUAxAhx/I8qDI2rbHTggm3\nsibyAZThsM5PYQQx3F23OALNJV3zMbiXerVh6P1EpuIvqKrN9qQXiwajNuHKpvbW\nbJO2CjGJKTvwOCJ5nXLW0yBh1MHD0lLCUCSY0PjLVkgZB1qJL5wDSWSenbwcd2Cz\nPNFBJR6jJPKQ1IZhkl0ETxTpUOIXF8MtWGB6uOigeQg7FMDFIZn2X01ogZtWrY8t\nMFbjW+3CTDloA0xYmR9hE/hZjOBCCe4oWuYjxFJatYB33r4a8sr6rfDMYWx2HjAG\nOSHdpo6NwMfp/N2tQaP2YeCnuOeQrBtH8i+Unb18XAUJCX5/0CpygXtAufEbY0sf\nRr7pHl1uluNsQTF89lty2QW83R/rzhGEkaWTwchbMYAH7mlfkVzGLG00nV0CAwEA\nAQKCAgAgbe/TItYkzoou1iMDsaliXvBD4fvB5OOgWQxKCgZCXQlyrnlonHWb9m6F\nGktGwsztSLoLm/wmbXup1Iwd6Lm+TFXASO2QUjQWohvLjoRztnGY87iqNoiwH/4a\nbWUcOViwHgKillroOGs1xaRGFW1E7/grlak92WoS6zc8NM2ybpYD0oDl731wjd+T\n4Ug51SkEWZRbWfXI7aGXFlFMTLdi3Z+u6dtJBnQU0jaagGWDsjdjoHGCzXI8O00F\n84YPFTMPIjGm1FbXirUzbbgGbWM65xhhI3bzAe169NnadG/+jOyfeXqiAI0xwRbD\n9s7iblInIK5xN6YETQPnEmVr2pRfSmnQcEDhGjLzgLyUVyzWURMRpY87FvzZ2Z3W\nc5Lso7PAA9ihv4924YwzBrMCCTISRh/b3DO6Hqzv0QpzkYEjUYCDeuVlsJlu5Gm5\nBngdpJqkkSJXm2BkIyCbjtltioQHH9f0TFUu2a5/C9C8B5ZHM79xFMYGfW82yZ6K\niIf/TWsfEcQKsbU7w7G8QXhDRQ3pecsqp/4wkZMkzJpG5k9fST27DiLKp88VAH0s\nJoe/qah+9P3a5nje2shwBnirSsDA8+xsFgfi6dHZwP58pwSGczrq6x3xjGI54Ubq\ng4043R6NqbghCmtcbsLuWXFpBa/vxk7Wa2/ACiKeNUoap29L2QKCAQEA/RLydJSB\nLZmW0A4ycWnElWi4XumYW70iD7kv1uYSHCLtfcvoUQPLDxETMc2vOOdGXV8xoEsq\nscfqdXUMTr+OKMMDMsw8F1x0pztcch4a5EIjf1ZBxWwwLkpyaWtEKOmK/MjWvflx\ng/uAQ9J0WH2zs2rAuHU3UpMp4H307PYhjOnrTxxSo2GssTil2uLdg191bGv5MzGe\nzYYl6bOLsfiwrH72VSEkugNwj3Xpw47RM/PnafmwC22W66EUrrq0Jm+RKT2Y5YRu\nbGEDmxP6b3kLdkS5HSva8REPRmQ1cqFYz/qIMCf/+wWy3YZaGIC1jRaxoUdOOy/l\nWUOWxy/mDu9viwKCAQEA4+N53feYuZuNln11WoZPIfVsUvnkD2DsTF61Bzh9qBy7\nlRKUnwhUrJcpNKfCgmdB/HTvhZHiBWwomrChYYHMsgR96PQRAf1zeBggokhj3UVy\nINf75ZrF+RWRjl//z/lWMcT16kOBS0vBE7e0PfVrkJSwGk+urd3I2bobTJfgaCbd\nORdtABbTMAbzNid1GcshzmpavnZfpBDa/16XuleU8jGLSNqHjdmJpBMZ1WntYATG\nBjCU18i5Fg9RjTRaAFn43CwXqpAj1/l4vdHBkH8wW93TGXeOCmrbYen8bZkFTGng\n1oaGslmhtU6TD2+TnPCfUKIdRyxHiGl4Odv2HN/DtwKCAQAqr31xqHK5bESBx0M+\n2eYshUNDzwbBwn7yQ/wLtTasxD9mjnQa5hbj7a9dISJC6M93hEzsioEjB2NGeH2g\n8rJZsbriYIxqLFAIvPx0yxsiEP3HxpbFY+Akjq4JlewjMnEc/gsqc95vsoYJ6n9x\nRZJ/2quy8SJprSTNFrGvHjy+dd4Ys+BEan8kTTe8WbOfKwS1Suj3d5EffVb7uir/\n08CI98k4xqRZM6dSq0LIl1g1+Re5SkIlS1C/YaYJarhkG0FSwW7+l33AjgR7rbz5\n/GKwihrnDrSZIJWA+/n/4bMHMWyzIqwMfQOUVcrwgxUcPQ2s9Ef/t65phfrykeOt\n9TjNAoIBAQDW5cchKwApX2e4VxyYPflXc6Ev6hhG7EZIijK52WqdYmL946SlB20Z\nx/4CeoRxBkByei74zSXPqTvtC81TLtzBrnyxdZ6oOsJtqIr1ncAWhAtor2QKE9bG\n2bEGCr8n9t9yVWL1A61kPM6Y8m4U018Y2y3p0eRObsudjeN6aeojLSsGUHHoWJ3U\nN2mYUsMZjLWXejGSU/xCseZiVGhOP5LkhRXsoK6ddFtYju6YkqhXGIlIgv2JMu5e\nwBlOR+TrWezUavvySrSSUN2sWqXmxhnrN5Z++H/IkRXKEqWJEHivo1Rz2C4i92UH\nnU4Oi1Au+bWyiv2DBV17ZMIMBcHjXpunAoIBACtiHcJeS2svKYsMr9khmTyCHNU8\nyImQ5n6w/Pdopwm5db80OJdFGC10yXpOpI7vk+to0PhkJK/aj9vYdZ2RXQE6LReC\n8EN69f/cJrO5Pt6fe+FqtOA6NT6Wee6aiaF6N898FJbNpjct+x0npXZWn7suqqpH\ntS9FwxJU93EKhz/pPOt7VYBL+w3Ku/Eovj8WE5KXTjEzskxG9g60Cblots+wBYBI\neLoYPt36qcnuK3UqTi2Ms3ncewcdoFXe75GJpNnwyZmx/0EUx7JugzmSbDxXijBI\n/V+KGBlKrItHMFTf5s3MyGlXZCBnhk28aGJq152dZg0rU+daleOHLz8iNLA=\n-----END RSA PRIVATE KEY-----\n",
            "private_key_pem_pkcs8": "-----BEGIN PRIVATE KEY-----\nMIIJQgIBADANBgkqhkiG9w0BAQEFAASCCSwwggkoAgEAAoICAQDhSK1Dv8blesol\nPTbrH6tyCKV/OEUjkMi7CfLzM0uAqMe2Z8UlAoCitToA/70qcU+edtZGLJrZPXAp\nQJT9CbSJJZyXRh1y/t8UaVpoX4TBST+JLjqqgA00t2P64oSTXDuFhwxxx9Ci59Vm\n3j6Dfg5IimxQewCVbZKY3UUuS31K9P61Y+8UQQAp/NsWp5gZi5wuT11Rhlp+w1aV\nPrHBwCr4zyuYRi3GaRmmn1OLLhPB5+Dl5AbRWixwmfLmc+y//lJI+avoEN6en8vZ\nOHtrAg2TaTaodJQDECHH8jyoMjatsdOCCbeyJvIBlOGwzk9hBDHcXbc4As0lXfMx\nuJd6tWHo/USm4i+oqs32pBeLBqM24cqm9tZsk7YKMYkpO/A4InmdctbTIGHUwcPS\nUsJQJJjQ+MtWSBkHWokvnANJZJ6dvBx3YLM80UElHqMk8pDUhmGSXQRPFOlQ4hcX\nwy1YYHq46KB5CDsUwMUhmfZfTWiBm1atjy0wVuNb7cJMOWgDTFiZH2ET+FmM4EIJ\n7iha5iPEUlq1gHfevhryyvqt8MxhbHYeMAY5Id2mjo3Ax+n83a1Bo/Zh4Ke455Cs\nG0fyL5SdvXxcBQkJfn/QKnKBe0C58RtjSx9GvukeXW6W42xBMXz2W3LZBbzdH+vO\nEYSRpZPByFsxgAfuaV+RXMYsbTSdXQIDAQABAoICACBt79Mi1iTOii7WIwOxqWJe\n8EPh+8Hk46BZDEoKBkJdCXKueWicdZv2boUaS0bCzO1Iugub/CZte6nUjB3oub5M\nVcBI7ZBSNBaiG8uOhHO2cZjzuKo2iLAf/hptZRw5WLAeAqKWWug4azXFpEYVbUTv\n+CuVqT3ZahLrNzw0zbJulgPSgOXvfXCN35PhSDnVKQRZlFtZ9cjtoZcWUUxMt2Ld\nn67p20kGdBTSNpqAZYOyN2OgcYLNcjw7TQXzhg8VMw8iMabUVteKtTNtuAZtYzrn\nGGEjdvMB7Xr02dp0b/6M7J95eqIAjTHBFsP2zuJuUicgrnE3pgRNA+cSZWvalF9K\nadBwQOEaMvOAvJRXLNZRExGljzsW/NnZndZzkuyjs8AD2KG/j3bhjDMGswIJMhJG\nH9vcM7oerO/RCnORgSNRgIN65WWwmW7kabkGeB2kmqSRIlebYGQjIJuO2W2KhAcf\n1/RMVS7Zrn8L0LwHlkczv3EUxgZ9bzbJnoqIh/9Nax8RxAqxtTvDsbxBeENFDel5\nyyqn/jCRkyTMmkbmT19JPbsOIsqnzxUAfSwmh7+pqH70/drmeN7ayHAGeKtKwMDz\n7GwWB+Lp0dnA/nynBIZzOurrHfGMYjnhRuqDjTjdHo2puCEKa1xuwu5ZcWkFr+/G\nTtZrb8AKIp41Shqnb0vZAoIBAQD9EvJ0lIEtmZbQDjJxacSVaLhe6ZhbvSIPuS/W\n5hIcIu19y+hRA8sPERMxza8450ZdXzGgSyqxx+p1dQxOv44owwMyzDwXXHSnO1xy\nHhrkQiN/VkHFbDAuSnJpa0Qo6Yr8yNa9+XGD+4BD0nRYfbOzasC4dTdSkyngffTs\n9iGM6etPHFKjYayxOKXa4t2DX3Vsa/kzMZ7NhiXps4ux+LCsfvZVISS6A3CPdenD\njtEz8+dp+bALbZbroRSuurQmb5EpPZjlhG5sYQObE/pveQt2RLkdK9rxEQ9GZDVy\noVjP+ogwJ//7BbLdhloYgLWNFrGhR047L+VZQ5bHL+YO72+LAoIBAQDj43nd95i5\nm42WfXVahk8h9WxS+eQPYOxMXrUHOH2oHLuVEpSfCFSslyk0p8KCZ0H8dO+FkeIF\nbCiasKFhgcyyBH3o9BEB/XN4GCCiSGPdRXIg1/vlmsX5FZGOX//P+VYxxPXqQ4FL\nS8ETt7Q99WuQlLAaT66t3cjZuhtMl+BoJt05F20AFtMwBvM2J3UZyyHOalq+dl+k\nENr/Xpe6V5TyMYtI2oeN2YmkExnVae1gBMYGMJTXyLkWD1GNNFoAWfjcLBeqkCPX\n+Xi90cGQfzBb3dMZd44Katth6fxtmQVMaeDWhoayWaG1TpMPb5Oc8J9Qoh1HLEeI\naXg52/Yc38O3AoIBACqvfXGocrlsRIHHQz7Z5iyFQ0PPBsHCfvJD/Au1NqzEP2aO\ndBrmFuPtr10hIkLoz3eETOyKgSMHY0Z4faDyslmxuuJgjGosUAi8/HTLGyIQ/cfG\nlsVj4CSOrgmV7CMycRz+Cypz3m+yhgnqf3FFkn/aq7LxImmtJM0Wsa8ePL513hiz\n4ERqfyRNN7xZs58rBLVK6Pd3kR99Vvu6Kv/TwIj3yTjGpFkzp1KrQsiXWDX5F7lK\nQiVLUL9hpglquGQbQVLBbv6XfcCOBHutvPn8YrCKGucOtJkglYD7+f/hswcxbLMi\nrAx9A5RVyvCDFRw9Daz0R/+3rmmF+vKR4631OM0CggEBANblxyErAClfZ7hXHJg9\n+VdzoS/qGEbsRkiKMrnZap1iYv3jpKUHbRnH/gJ6hHEGQHJ6LvjNJc+pO+0LzVMu\n3MGufLF1nqg6wm2oivWdwBaEC2ivZAoT1sbZsQYKvyf233JVYvUDrWQ8zpjybhTT\nXxjbLenR5E5uy52N43pp6iMtKwZQcehYndQ3aZhSwxmMtZd6MZJT/EKx5mJUaE4/\nkuSFFeygrp10W1iO7piSqFcYiUiC/Yky7l7AGU5H5OtZ7NRq+/JKtJJQ3axapebG\nGes3ln74f8iRFcoSpYkQeK+jVHPYLiL3ZQedTg6LUC75tbKK/YMFXXtkwgwFweNe\nm6cCggEAK2Idwl5Lay8piwyv2SGZPIIc1TzIiZDmfrD892inCbl1vzQ4l0UYLXTJ\nek6kju+T62jQ+GQkr9qP29h1nZFdATotF4LwQ3r1/9wms7k+3p974Wq04Do1PpZ5\n7pqJoXo3z3wUls2mNy37HSeldlafuy6qqke1L0XDElT3cQqHP+k863tVgEv7Dcq7\n8Si+PxYTkpdOMTOyTEb2DrQJuWi2z7AFgEh4uhg+3fqpye4rdSpOLYyzedx7Bx2g\nVd7vkYmk2fDJmbH/QRTHsm6DOZJsPFeKMEj9X4oYGUqsi0cwVN/mzczIaVdkIGeG\nTbxoYmrXnZ1mDStT51qV44cvPyI0sA==\n-----END PRIVATE KEY-----\n",
            "public_key_fingerprint_md5": "76:11:99:e7:fb:0d:17:3f:d3:44:38:f9:6a:e2:16:ff",
            "public_key_fingerprint_sha256": "SHA256:6WvZkLFzHRBkIqjmCd3sFcg4y5q/ChI0QPloN3roqZw",
            "public_key_openssh": "ssh-rsa AAAAB3NzaC1yc2EAAAADAQABAAACAQDhSK1Dv8blesolPTbrH6tyCKV/OEUjkMi7CfLzM0uAqMe2Z8UlAoCitToA/70qcU+edtZGLJrZPXApQJT9CbSJJZyXRh1y/t8UaVpoX4TBST+JLjqqgA00t2P64oSTXDuFhwxxx9Ci59Vm3j6Dfg5IimxQewCVbZKY3UUuS31K9P61Y+8UQQAp/NsWp5gZi5wuT11Rhlp+w1aVPrHBwCr4zyuYRi3GaRmmn1OLLhPB5+Dl5AbRWixwmfLmc+y//lJI+avoEN6en8vZOHtrAg2TaTaodJQDECHH8jyoMjatsdOCCbeyJvIBlOGwzk9hBDHcXbc4As0lXfMxuJd6tWHo/USm4i+oqs32pBeLBqM24cqm9tZsk7YKMYkpO/A4InmdctbTIGHUwcPSUsJQJJjQ+MtWSBkHWokvnANJZJ6dvBx3YLM80UElHqMk8pDUhmGSXQRPFOlQ4hcXwy1YYHq46KB5CDsUwMUhmfZfTWiBm1atjy0wVuNb7cJMOWgDTFiZH2ET+FmM4EIJ7iha5iPEUlq1gHfevhryyvqt8MxhbHYeMAY5Id2mjo3Ax+n83a1Bo/Zh4Ke455CsG0fyL5SdvXxcBQkJfn/QKnKBe0C58RtjSx9GvukeXW6W42xBMXz2W3LZBbzdH+vOEYSRpZPByFsxgAfuaV+RXMYsbTSdXQ==\n",
            "public_key_pem": "-----BEGIN PUBLIC KEY-----\nMIICIjANBgkqhkiG9w0BAQEFAAOCAg8AMIICCgKCAgEA4UitQ7/G5XrKJT026x+r\ncgilfzhFI5DIuwny8zNLgKjHtmfFJQKAorU6AP+9KnFPnnbWRiya2T1wKUCU/Qm0\niSWcl0Ydcv7fFGlaaF+EwUk/iS46qoANNLdj+uKEk1w7hYcMccfQoufVZt4+g34O\nSIpsUHsAlW2SmN1FLkt9SvT+tWPvFEEAKfzbFqeYGYucLk9dUYZafsNWlT6xwcAq\n+M8rmEYtxmkZpp9Tiy4Twefg5eQG0VoscJny5nPsv/5SSPmr6BDenp/L2Th7awIN\nk2k2qHSUAxAhx/I8qDI2rbHTggm3sibyAZThsM5PYQQx3F23OALNJV3zMbiXerVh\n6P1EpuIvqKrN9qQXiwajNuHKpvbWbJO2CjGJKTvwOCJ5nXLW0yBh1MHD0lLCUCSY\n0PjLVkgZB1qJL5wDSWSenbwcd2CzPNFBJR6jJPKQ1IZhkl0ETxTpUOIXF8MtWGB6\nuOigeQg7FMDFIZn2X01ogZtWrY8tMFbjW+3CTDloA0xYmR9hE/hZjOBCCe4oWuYj\nxFJatYB33r4a8sr6rfDMYWx2HjAGOSHdpo6NwMfp/N2tQaP2YeCnuOeQrBtH8i+U\nnb18XAUJCX5/0CpygXtAufEbY0sfRr7pHl1uluNsQTF89lty2QW83R/rzhGEkaWT\nwchbMYAH7mlfkVzGLG00nV0CAwEAAQ==\n-----END PUBLIC KEY-----\n",
            "rsa_bits": 4096
          },
          "sensitive_attributes": [],
          "dependencies": [
            "module.vpc.aws_cloudwatch_log_group.flow_log",
            "module.vpc.aws_customer_gateway.this",
            "module.vpc.aws_db_subnet_group.database",
            "module.vpc.aws_default_network_acl.this",
            "module.vpc.aws_default_route_table.default",
            "module.vpc.aws_default_security_group.this",
            "module.vpc.aws_default_vpc.this",
            "module.vpc.aws_egress_only_internet_gateway.this",
            "module.vpc.aws_eip.nat",
            "module.vpc.aws_elasticache_subnet_group.elasticache",
            "module.vpc.aws_flow_log.this",
            "module.vpc.aws_iam_policy.vpc_flow_log_cloudwatch",
            "module.vpc.aws_iam_role.vpc_flow_log_cloudwatch",
            "module.vpc.aws_iam_role_policy_attachment.vpc_flow_log_cloudwatch",
            "module.vpc.aws_internet_gateway.this",
            "module.vpc.aws_nat_gateway.this",
            "module.vpc.aws_network_acl.database",
            "module.vpc.aws_network_acl.elasticache",
            "module.vpc.aws_network_acl.intra",
            "module.vpc.aws_network_acl.outpost",
            "module.vpc.aws_network_acl.private",
            "module.vpc.aws_network_acl.public",
            "module.vpc.aws_network_acl.redshift",
            "module.vpc.aws_network_acl_rule.database_inbound",
            "module.vpc.aws_network_acl_rule.database_outbound",
            "module.vpc.aws_network_acl_rule.elasticache_inbound",
            "module.vpc.aws_network_acl_rule.elasticache_outbound",
            "module.vpc.aws_network_acl_rule.intra_inbound",
            "module.vpc.aws_network_acl_rule.intra_outbound",
            "module.vpc.aws_network_acl_rule.outpost_inbound",
            "module.vpc.aws_network_acl_rule.outpost_outbound",
            "module.vpc.aws_network_acl_rule.private_inbound",
            "module.vpc.aws_network_acl_rule.private_outbound",
            "module.vpc.aws_network_acl_rule.public_inbound",
            "module.vpc.aws_network_acl_rule.public_outbound",
            "module.vpc.aws_network_acl_rule.redshift_inbound",
            "module.vpc.aws_network_acl_rule.redshift_outbound",
            "module.vpc.aws_redshift_subnet_group.redshift",
            "module.vpc.aws_route.database_internet_gateway",
            "module.vpc.aws_route.database_ipv6_egress",
            "module.vpc.aws_route.database_nat_gateway",
            "module.vpc.aws_route.private_ipv6_egress",
            "module.vpc.aws_route.private_nat_gateway",
            "module.vpc.aws_route.public_internet_gateway",
            "module.vpc.aws_route.public_internet_gateway_ipv6",
            "module.vpc.aws_route_table.database",
            "module.vpc.aws_route_table.elasticache",
            "module.vpc.aws_route_table.intra",
            "module.vpc.aws_route_table.private",
            "module.vpc.aws_route_table.public",
            "module.vpc.aws_route_table.redshift",
            "module.vpc.aws_route_table_association.database",
            "module.vpc.aws_route_table_association.elasticache",
            "module.vpc.aws_route_table_association.intra",
            "module.vpc.aws_route_table_association.outpost",
            "module.vpc.aws_route_table_association.private",
            "module.vpc.aws_route_table_association.public",
            "module.vpc.aws_route_table_association.redshift",
            "module.vpc.aws_route_table_association.redshift_public",
            "module.vpc.aws_subnet.database",
            "module.vpc.aws_subnet.elasticache",
            "module.vpc.aws_subnet.intra",
            "module.vpc.aws_subnet.outpost",
            "module.vpc.aws_subnet.private",
            "module.vpc.aws_subnet.public",
            "module.vpc.aws_subnet.redshift",
            "module.vpc.aws_vpc.this",
            "module.vpc.aws_vpc_dhcp_options.this",
            "module.vpc.aws_vpc_dhcp_options_association.this",
            "module.vpc.aws_vpc_ipv4_cidr_block_association.this",
            "module.vpc.aws_vpn_gateway.this",
            "module.vpc.aws_vpn_gateway_attachment.this",
            "module.vpc.aws_vpn_gateway_route_propagation.intra",
            "module.vpc.aws_vpn_gateway_route_propagation.private",
            "module.vpc.aws_vpn_gateway_route_propagation.public",
            "module.vpc.data.aws_iam_policy_document.flow_log_cloudwatch_assume_role",
            "module.vpc.data.aws_iam_policy_document.vpc_flow_log_cloudwatch"
          ]
        }
      ]
    },
    {
      "module": "module.vpc",
      "mode": "managed",
      "type": "aws_eip",
      "name": "nat",
      "provider": "provider[\"registry.terraform.io/hashicorp/aws\"]",
      "instances": [
        {
          "index_key": 0,
          "schema_version": 0,
          "attributes": {
            "address": null,
            "allocation_id": "eipalloc-0352f416868d3ddb6",
            "associate_with_private_ip": null,
            "association_id": "",
            "carrier_ip": "",
            "customer_owned_ip": "",
            "customer_owned_ipv4_pool": "",
            "domain": "vpc",
            "id": "eipalloc-0352f416868d3ddb6",
            "instance": "",
            "network_border_group": "us-east-1",
            "network_interface": "",
            "private_dns": null,
            "private_ip": "",
            "public_dns": "ec2-44-211-8-149.compute-1.amazonaws.com",
            "public_ip": "44.211.8.149",
            "public_ipv4_pool": "amazon",
            "tags": {
              "Name": "VPC-us-east-1a"
            },
            "tags_all": {
              "Name": "VPC-us-east-1a"
            },
            "timeouts": null,
            "vpc": true
          },
          "sensitive_attributes": [],
          "private": "eyJlMmJmYjczMC1lY2FhLTExZTYtOGY4OC0zNDM2M2JjN2M0YzAiOnsiZGVsZXRlIjoxODAwMDAwMDAwMDAsInJlYWQiOjkwMDAwMDAwMDAwMCwidXBkYXRlIjozMDAwMDAwMDAwMDB9fQ=="
        }
      ]
    },
    {
      "module": "module.vpc",
      "mode": "managed",
      "type": "aws_internet_gateway",
      "name": "this",
      "provider": "provider[\"registry.terraform.io/hashicorp/aws\"]",
      "instances": [
        {
          "index_key": 0,
          "schema_version": 0,
          "attributes": {
            "arn": "arn:aws:ec2:us-east-1:164325525997:internet-gateway/igw-011df4e872664e67e",
            "id": "igw-011df4e872664e67e",
            "owner_id": "164325525997",
            "tags": {
              "Name": "VPC"
            },
            "tags_all": {
              "Name": "VPC"
            },
            "timeouts": null,
            "vpc_id": "vpc-0ae9168ccae7d77b2"
          },
          "sensitive_attributes": [],
          "private": "eyJlMmJmYjczMC1lY2FhLTExZTYtOGY4OC0zNDM2M2JjN2M0YzAiOnsiY3JlYXRlIjoxMjAwMDAwMDAwMDAwLCJkZWxldGUiOjEyMDAwMDAwMDAwMDAsInVwZGF0ZSI6MTIwMDAwMDAwMDAwMH19",
          "dependencies": [
            "module.vpc.aws_vpc.this",
            "module.vpc.aws_vpc_ipv4_cidr_block_association.this"
          ]
        }
      ]
    },
    {
      "module": "module.vpc",
      "mode": "managed",
      "type": "aws_nat_gateway",
      "name": "this",
      "provider": "provider[\"registry.terraform.io/hashicorp/aws\"]",
      "instances": [
        {
          "index_key": 0,
          "schema_version": 0,
          "attributes": {
            "allocation_id": "eipalloc-0352f416868d3ddb6",
            "connectivity_type": "public",
            "id": "nat-0b3f61e70864cbb8e",
            "network_interface_id": "eni-090bd8189ba89ff75",
            "private_ip": "172.23.6.123",
            "public_ip": "44.211.8.149",
            "subnet_id": "subnet-0536ab1f26c8b0576",
            "tags": {
              "Name": "caldera-test_natgateway"
            },
            "tags_all": {
              "Name": "caldera-test_natgateway"
            }
          },
          "sensitive_attributes": [],
          "private": "bnVsbA==",
          "dependencies": [
            "module.vpc.aws_eip.nat",
            "module.vpc.aws_internet_gateway.this",
            "module.vpc.aws_subnet.public",
            "module.vpc.aws_vpc.this",
            "module.vpc.aws_vpc_ipv4_cidr_block_association.this"
          ]
        }
      ]
    },
    {
      "module": "module.vpc",
      "mode": "managed",
      "type": "aws_route",
      "name": "private_nat_gateway",
      "provider": "provider[\"registry.terraform.io/hashicorp/aws\"]",
      "instances": [
        {
          "index_key": 0,
          "schema_version": 0,
          "attributes": {
            "carrier_gateway_id": "",
            "core_network_arn": "",
            "destination_cidr_block": "0.0.0.0/0",
            "destination_ipv6_cidr_block": "",
            "destination_prefix_list_id": "",
            "egress_only_gateway_id": "",
            "gateway_id": "",
            "id": "r-rtb-0a2c0f61ea5a254f21080289494",
            "instance_id": "",
            "instance_owner_id": "",
            "local_gateway_id": "",
            "nat_gateway_id": "nat-0b3f61e70864cbb8e",
            "network_interface_id": "",
            "origin": "CreateRoute",
            "route_table_id": "rtb-0a2c0f61ea5a254f2",
            "state": "active",
            "timeouts": {
              "create": "5m",
              "delete": null,
              "update": null
            },
            "transit_gateway_id": "",
            "vpc_endpoint_id": "",
            "vpc_peering_connection_id": ""
          },
          "sensitive_attributes": [],
          "private": "eyJlMmJmYjczMC1lY2FhLTExZTYtOGY4OC0zNDM2M2JjN2M0YzAiOnsiY3JlYXRlIjozMDAwMDAwMDAwMDAsImRlbGV0ZSI6MzAwMDAwMDAwMDAwLCJ1cGRhdGUiOjEyMDAwMDAwMDAwMH19",
          "dependencies": [
            "module.vpc.aws_eip.nat",
            "module.vpc.aws_internet_gateway.this",
            "module.vpc.aws_nat_gateway.this",
            "module.vpc.aws_route_table.private",
            "module.vpc.aws_subnet.public",
            "module.vpc.aws_vpc.this",
            "module.vpc.aws_vpc_ipv4_cidr_block_association.this"
          ]
        }
      ]
    },
    {
      "module": "module.vpc",
      "mode": "managed",
      "type": "aws_route",
      "name": "public_internet_gateway",
      "provider": "provider[\"registry.terraform.io/hashicorp/aws\"]",
      "instances": [
        {
          "index_key": 0,
          "schema_version": 0,
          "attributes": {
            "carrier_gateway_id": "",
            "core_network_arn": "",
            "destination_cidr_block": "0.0.0.0/0",
            "destination_ipv6_cidr_block": "",
            "destination_prefix_list_id": "",
            "egress_only_gateway_id": "",
            "gateway_id": "igw-011df4e872664e67e",
            "id": "r-rtb-0bd0f38311a6506451080289494",
            "instance_id": "",
            "instance_owner_id": "",
            "local_gateway_id": "",
            "nat_gateway_id": "",
            "network_interface_id": "",
            "origin": "CreateRoute",
            "route_table_id": "rtb-0bd0f38311a650645",
            "state": "active",
            "timeouts": {
              "create": "5m",
              "delete": null,
              "update": null
            },
            "transit_gateway_id": "",
            "vpc_endpoint_id": "",
            "vpc_peering_connection_id": ""
          },
          "sensitive_attributes": [],
          "private": "eyJlMmJmYjczMC1lY2FhLTExZTYtOGY4OC0zNDM2M2JjN2M0YzAiOnsiY3JlYXRlIjozMDAwMDAwMDAwMDAsImRlbGV0ZSI6MzAwMDAwMDAwMDAwLCJ1cGRhdGUiOjEyMDAwMDAwMDAwMH19",
          "dependencies": [
            "module.vpc.aws_internet_gateway.this",
            "module.vpc.aws_route_table.public",
            "module.vpc.aws_vpc.this",
            "module.vpc.aws_vpc_ipv4_cidr_block_association.this"
          ]
        }
      ]
    },
    {
      "module": "module.vpc",
      "mode": "managed",
      "type": "aws_route_table",
      "name": "private",
      "provider": "provider[\"registry.terraform.io/hashicorp/aws\"]",
      "instances": [
        {
          "index_key": 0,
          "schema_version": 0,
          "attributes": {
            "arn": "arn:aws:ec2:us-east-1:164325525997:route-table/rtb-0a2c0f61ea5a254f2",
            "id": "rtb-0a2c0f61ea5a254f2",
            "owner_id": "164325525997",
            "propagating_vgws": [],
            "route": [],
            "tags": {
              "Name": "VPC-private"
            },
            "tags_all": {
              "Name": "VPC-private"
            },
            "timeouts": null,
            "vpc_id": "vpc-0ae9168ccae7d77b2"
          },
          "sensitive_attributes": [],
          "private": "eyJlMmJmYjczMC1lY2FhLTExZTYtOGY4OC0zNDM2M2JjN2M0YzAiOnsiY3JlYXRlIjozMDAwMDAwMDAwMDAsImRlbGV0ZSI6MzAwMDAwMDAwMDAwLCJ1cGRhdGUiOjEyMDAwMDAwMDAwMH19",
          "dependencies": [
            "module.vpc.aws_vpc.this",
            "module.vpc.aws_vpc_ipv4_cidr_block_association.this"
          ]
        }
      ]
    },
    {
      "module": "module.vpc",
      "mode": "managed",
      "type": "aws_route_table",
      "name": "public",
      "provider": "provider[\"registry.terraform.io/hashicorp/aws\"]",
      "instances": [
        {
          "index_key": 0,
          "schema_version": 0,
          "attributes": {
            "arn": "arn:aws:ec2:us-east-1:164325525997:route-table/rtb-0bd0f38311a650645",
            "id": "rtb-0bd0f38311a650645",
            "owner_id": "164325525997",
            "propagating_vgws": [],
            "route": [],
            "tags": {
              "Name": "VPC-public"
            },
            "tags_all": {
              "Name": "VPC-public"
            },
            "timeouts": null,
            "vpc_id": "vpc-0ae9168ccae7d77b2"
          },
          "sensitive_attributes": [],
          "private": "eyJlMmJmYjczMC1lY2FhLTExZTYtOGY4OC0zNDM2M2JjN2M0YzAiOnsiY3JlYXRlIjozMDAwMDAwMDAwMDAsImRlbGV0ZSI6MzAwMDAwMDAwMDAwLCJ1cGRhdGUiOjEyMDAwMDAwMDAwMH19",
          "dependencies": [
            "module.vpc.aws_vpc.this",
            "module.vpc.aws_vpc_ipv4_cidr_block_association.this"
          ]
        }
      ]
    },
    {
      "module": "module.vpc",
      "mode": "managed",
      "type": "aws_route_table_association",
      "name": "private",
      "provider": "provider[\"registry.terraform.io/hashicorp/aws\"]",
      "instances": [
        {
          "index_key": 0,
          "schema_version": 0,
          "attributes": {
            "gateway_id": "",
            "id": "rtbassoc-02a01a3a221d6563c",
            "route_table_id": "rtb-0a2c0f61ea5a254f2",
            "subnet_id": "subnet-023c6a612c64b509f"
          },
          "sensitive_attributes": [],
          "private": "bnVsbA==",
          "dependencies": [
            "module.vpc.aws_route_table.private",
            "module.vpc.aws_subnet.private",
            "module.vpc.aws_vpc.this",
            "module.vpc.aws_vpc_ipv4_cidr_block_association.this"
          ]
        },
        {
          "index_key": 1,
          "schema_version": 0,
          "attributes": {
            "gateway_id": "",
            "id": "rtbassoc-01a0cb24c995fb5b3",
            "route_table_id": "rtb-0a2c0f61ea5a254f2",
            "subnet_id": "subnet-0330f964ba88545f3"
          },
          "sensitive_attributes": [],
          "private": "bnVsbA==",
          "dependencies": [
            "module.vpc.aws_route_table.private",
            "module.vpc.aws_subnet.private",
            "module.vpc.aws_vpc.this",
            "module.vpc.aws_vpc_ipv4_cidr_block_association.this"
          ]
        },
        {
          "index_key": 2,
          "schema_version": 0,
          "attributes": {
            "gateway_id": "",
            "id": "rtbassoc-02d745aa2a773b553",
            "route_table_id": "rtb-0a2c0f61ea5a254f2",
            "subnet_id": "subnet-0adf2c30d495eccbf"
          },
          "sensitive_attributes": [],
          "private": "bnVsbA==",
          "dependencies": [
            "module.vpc.aws_route_table.private",
            "module.vpc.aws_subnet.private",
            "module.vpc.aws_vpc.this",
            "module.vpc.aws_vpc_ipv4_cidr_block_association.this"
          ]
        },
        {
          "index_key": 3,
          "schema_version": 0,
          "attributes": {
            "gateway_id": "",
            "id": "rtbassoc-0e67f183607accf13",
            "route_table_id": "rtb-0a2c0f61ea5a254f2",
            "subnet_id": "subnet-07614ddd20d36c800"
          },
          "sensitive_attributes": [],
          "private": "bnVsbA==",
          "dependencies": [
            "module.vpc.aws_route_table.private",
            "module.vpc.aws_subnet.private",
            "module.vpc.aws_vpc.this",
            "module.vpc.aws_vpc_ipv4_cidr_block_association.this"
          ]
        },
        {
          "index_key": 4,
          "schema_version": 0,
          "attributes": {
            "gateway_id": "",
            "id": "rtbassoc-04e9c362f9cd44124",
            "route_table_id": "rtb-0a2c0f61ea5a254f2",
            "subnet_id": "subnet-01d8c2463e5d5f856"
          },
          "sensitive_attributes": [],
          "private": "bnVsbA==",
          "dependencies": [
            "module.vpc.aws_route_table.private",
            "module.vpc.aws_subnet.private",
            "module.vpc.aws_vpc.this",
            "module.vpc.aws_vpc_ipv4_cidr_block_association.this"
          ]
        }
      ]
    },
    {
      "module": "module.vpc",
      "mode": "managed",
      "type": "aws_route_table_association",
      "name": "public",
      "provider": "provider[\"registry.terraform.io/hashicorp/aws\"]",
      "instances": [
        {
          "index_key": 0,
          "schema_version": 0,
          "attributes": {
            "gateway_id": "",
            "id": "rtbassoc-0fd5c39954fc99db2",
            "route_table_id": "rtb-0bd0f38311a650645",
            "subnet_id": "subnet-0536ab1f26c8b0576"
          },
          "sensitive_attributes": [],
          "private": "bnVsbA==",
          "dependencies": [
            "module.vpc.aws_route_table.public",
            "module.vpc.aws_subnet.public",
            "module.vpc.aws_vpc.this",
            "module.vpc.aws_vpc_ipv4_cidr_block_association.this"
          ]
        },
        {
          "index_key": 1,
          "schema_version": 0,
          "attributes": {
            "gateway_id": "",
            "id": "rtbassoc-0984276d9d681daa6",
            "route_table_id": "rtb-0bd0f38311a650645",
            "subnet_id": "subnet-06a2e72892f64ccea"
          },
          "sensitive_attributes": [],
          "private": "bnVsbA==",
          "dependencies": [
            "module.vpc.aws_route_table.public",
            "module.vpc.aws_subnet.public",
            "module.vpc.aws_vpc.this",
            "module.vpc.aws_vpc_ipv4_cidr_block_association.this"
          ]
        },
        {
          "index_key": 2,
          "schema_version": 0,
          "attributes": {
            "gateway_id": "",
            "id": "rtbassoc-0b0a95320219c7f10",
            "route_table_id": "rtb-0bd0f38311a650645",
            "subnet_id": "subnet-03854e4716cf9caf0"
          },
          "sensitive_attributes": [],
          "private": "bnVsbA==",
          "dependencies": [
            "module.vpc.aws_route_table.public",
            "module.vpc.aws_subnet.public",
            "module.vpc.aws_vpc.this",
            "module.vpc.aws_vpc_ipv4_cidr_block_association.this"
          ]
        },
        {
          "index_key": 3,
          "schema_version": 0,
          "attributes": {
            "gateway_id": "",
            "id": "rtbassoc-02ab64efa6c65b91a",
            "route_table_id": "rtb-0bd0f38311a650645",
            "subnet_id": "subnet-070094458fc5d85ed"
          },
          "sensitive_attributes": [],
          "private": "bnVsbA==",
          "dependencies": [
            "module.vpc.aws_route_table.public",
            "module.vpc.aws_subnet.public",
            "module.vpc.aws_vpc.this",
            "module.vpc.aws_vpc_ipv4_cidr_block_association.this"
          ]
        },
        {
          "index_key": 4,
          "schema_version": 0,
          "attributes": {
            "gateway_id": "",
            "id": "rtbassoc-01cf0533d9f36c3da",
            "route_table_id": "rtb-0bd0f38311a650645",
            "subnet_id": "subnet-0205a5c4c469690be"
          },
          "sensitive_attributes": [],
          "private": "bnVsbA==",
          "dependencies": [
            "module.vpc.aws_route_table.public",
            "module.vpc.aws_subnet.public",
            "module.vpc.aws_vpc.this",
            "module.vpc.aws_vpc_ipv4_cidr_block_association.this"
          ]
        }
      ]
    },
    {
      "module": "module.vpc",
      "mode": "managed",
      "type": "aws_subnet",
      "name": "private",
      "provider": "provider[\"registry.terraform.io/hashicorp/aws\"]",
      "instances": [
        {
          "index_key": 0,
          "schema_version": 1,
          "attributes": {
            "arn": "arn:aws:ec2:us-east-1:164325525997:subnet/subnet-023c6a612c64b509f",
            "assign_ipv6_address_on_creation": false,
            "availability_zone": "us-east-1a",
            "availability_zone_id": "use1-az4",
            "cidr_block": "172.23.0.0/22",
            "customer_owned_ipv4_pool": "",
            "enable_dns64": false,
            "enable_resource_name_dns_a_record_on_launch": false,
            "enable_resource_name_dns_aaaa_record_on_launch": false,
            "id": "subnet-023c6a612c64b509f",
            "ipv6_cidr_block": "",
            "ipv6_cidr_block_association_id": "",
            "ipv6_native": false,
            "map_customer_owned_ip_on_launch": false,
            "map_public_ip_on_launch": false,
            "outpost_arn": "",
            "owner_id": "164325525997",
            "private_dns_hostname_type_on_launch": "ip-name",
            "tags": {
              "Name": "caldera-test_private"
            },
            "tags_all": {
              "Name": "caldera-test_private"
            },
            "timeouts": null,
            "vpc_id": "vpc-0ae9168ccae7d77b2"
          },
          "sensitive_attributes": [],
          "private": "eyJlMmJmYjczMC1lY2FhLTExZTYtOGY4OC0zNDM2M2JjN2M0YzAiOnsiY3JlYXRlIjo2MDAwMDAwMDAwMDAsImRlbGV0ZSI6MTIwMDAwMDAwMDAwMH0sInNjaGVtYV92ZXJzaW9uIjoiMSJ9",
          "dependencies": [
            "module.vpc.aws_vpc.this",
            "module.vpc.aws_vpc_ipv4_cidr_block_association.this"
          ]
        },
        {
          "index_key": 1,
          "schema_version": 1,
          "attributes": {
            "arn": "arn:aws:ec2:us-east-1:164325525997:subnet/subnet-0330f964ba88545f3",
            "assign_ipv6_address_on_creation": false,
            "availability_zone": "us-east-1b",
            "availability_zone_id": "use1-az6",
            "cidr_block": "172.23.32.0/22",
            "customer_owned_ipv4_pool": "",
            "enable_dns64": false,
            "enable_resource_name_dns_a_record_on_launch": false,
            "enable_resource_name_dns_aaaa_record_on_launch": false,
            "id": "subnet-0330f964ba88545f3",
            "ipv6_cidr_block": "",
            "ipv6_cidr_block_association_id": "",
            "ipv6_native": false,
            "map_customer_owned_ip_on_launch": false,
            "map_public_ip_on_launch": false,
            "outpost_arn": "",
            "owner_id": "164325525997",
            "private_dns_hostname_type_on_launch": "ip-name",
            "tags": {
              "Name": "caldera-test_private"
            },
            "tags_all": {
              "Name": "caldera-test_private"
            },
            "timeouts": null,
            "vpc_id": "vpc-0ae9168ccae7d77b2"
          },
          "sensitive_attributes": [],
          "private": "eyJlMmJmYjczMC1lY2FhLTExZTYtOGY4OC0zNDM2M2JjN2M0YzAiOnsiY3JlYXRlIjo2MDAwMDAwMDAwMDAsImRlbGV0ZSI6MTIwMDAwMDAwMDAwMH0sInNjaGVtYV92ZXJzaW9uIjoiMSJ9",
          "dependencies": [
            "module.vpc.aws_vpc.this",
            "module.vpc.aws_vpc_ipv4_cidr_block_association.this"
          ]
        },
        {
          "index_key": 2,
          "schema_version": 1,
          "attributes": {
            "arn": "arn:aws:ec2:us-east-1:164325525997:subnet/subnet-0adf2c30d495eccbf",
            "assign_ipv6_address_on_creation": false,
            "availability_zone": "us-east-1c",
            "availability_zone_id": "use1-az1",
            "cidr_block": "172.23.64.0/22",
            "customer_owned_ipv4_pool": "",
            "enable_dns64": false,
            "enable_resource_name_dns_a_record_on_launch": false,
            "enable_resource_name_dns_aaaa_record_on_launch": false,
            "id": "subnet-0adf2c30d495eccbf",
            "ipv6_cidr_block": "",
            "ipv6_cidr_block_association_id": "",
            "ipv6_native": false,
            "map_customer_owned_ip_on_launch": false,
            "map_public_ip_on_launch": false,
            "outpost_arn": "",
            "owner_id": "164325525997",
            "private_dns_hostname_type_on_launch": "ip-name",
            "tags": {
              "Name": "caldera-test_private"
            },
            "tags_all": {
              "Name": "caldera-test_private"
            },
            "timeouts": null,
            "vpc_id": "vpc-0ae9168ccae7d77b2"
          },
          "sensitive_attributes": [],
          "private": "eyJlMmJmYjczMC1lY2FhLTExZTYtOGY4OC0zNDM2M2JjN2M0YzAiOnsiY3JlYXRlIjo2MDAwMDAwMDAwMDAsImRlbGV0ZSI6MTIwMDAwMDAwMDAwMH0sInNjaGVtYV92ZXJzaW9uIjoiMSJ9",
          "dependencies": [
            "module.vpc.aws_vpc.this",
            "module.vpc.aws_vpc_ipv4_cidr_block_association.this"
          ]
        },
        {
          "index_key": 3,
          "schema_version": 1,
          "attributes": {
            "arn": "arn:aws:ec2:us-east-1:164325525997:subnet/subnet-07614ddd20d36c800",
            "assign_ipv6_address_on_creation": false,
            "availability_zone": "us-east-1d",
            "availability_zone_id": "use1-az2",
            "cidr_block": "172.23.96.0/22",
            "customer_owned_ipv4_pool": "",
            "enable_dns64": false,
            "enable_resource_name_dns_a_record_on_launch": false,
            "enable_resource_name_dns_aaaa_record_on_launch": false,
            "id": "subnet-07614ddd20d36c800",
            "ipv6_cidr_block": "",
            "ipv6_cidr_block_association_id": "",
            "ipv6_native": false,
            "map_customer_owned_ip_on_launch": false,
            "map_public_ip_on_launch": false,
            "outpost_arn": "",
            "owner_id": "164325525997",
            "private_dns_hostname_type_on_launch": "ip-name",
            "tags": {
              "Name": "caldera-test_private"
            },
            "tags_all": {
              "Name": "caldera-test_private"
            },
            "timeouts": null,
            "vpc_id": "vpc-0ae9168ccae7d77b2"
          },
          "sensitive_attributes": [],
          "private": "eyJlMmJmYjczMC1lY2FhLTExZTYtOGY4OC0zNDM2M2JjN2M0YzAiOnsiY3JlYXRlIjo2MDAwMDAwMDAwMDAsImRlbGV0ZSI6MTIwMDAwMDAwMDAwMH0sInNjaGVtYV92ZXJzaW9uIjoiMSJ9",
          "dependencies": [
            "module.vpc.aws_vpc.this",
            "module.vpc.aws_vpc_ipv4_cidr_block_association.this"
          ]
        },
        {
          "index_key": 4,
          "schema_version": 1,
          "attributes": {
            "arn": "arn:aws:ec2:us-east-1:164325525997:subnet/subnet-01d8c2463e5d5f856",
            "assign_ipv6_address_on_creation": false,
            "availability_zone": "us-east-1f",
            "availability_zone_id": "use1-az5",
            "cidr_block": "172.23.160.0/22",
            "customer_owned_ipv4_pool": "",
            "enable_dns64": false,
            "enable_resource_name_dns_a_record_on_launch": false,
            "enable_resource_name_dns_aaaa_record_on_launch": false,
            "id": "subnet-01d8c2463e5d5f856",
            "ipv6_cidr_block": "",
            "ipv6_cidr_block_association_id": "",
            "ipv6_native": false,
            "map_customer_owned_ip_on_launch": false,
            "map_public_ip_on_launch": false,
            "outpost_arn": "",
            "owner_id": "164325525997",
            "private_dns_hostname_type_on_launch": "ip-name",
            "tags": {
              "Name": "caldera-test_private"
            },
            "tags_all": {
              "Name": "caldera-test_private"
            },
            "timeouts": null,
            "vpc_id": "vpc-0ae9168ccae7d77b2"
          },
          "sensitive_attributes": [],
          "private": "eyJlMmJmYjczMC1lY2FhLTExZTYtOGY4OC0zNDM2M2JjN2M0YzAiOnsiY3JlYXRlIjo2MDAwMDAwMDAwMDAsImRlbGV0ZSI6MTIwMDAwMDAwMDAwMH0sInNjaGVtYV92ZXJzaW9uIjoiMSJ9",
          "dependencies": [
            "module.vpc.aws_vpc.this",
            "module.vpc.aws_vpc_ipv4_cidr_block_association.this"
          ]
        }
      ]
    },
    {
      "module": "module.vpc",
      "mode": "managed",
      "type": "aws_subnet",
      "name": "public",
      "provider": "provider[\"registry.terraform.io/hashicorp/aws\"]",
      "instances": [
        {
          "index_key": 0,
          "schema_version": 1,
          "attributes": {
            "arn": "arn:aws:ec2:us-east-1:164325525997:subnet/subnet-0536ab1f26c8b0576",
            "assign_ipv6_address_on_creation": false,
            "availability_zone": "us-east-1a",
            "availability_zone_id": "use1-az4",
            "cidr_block": "172.23.4.0/22",
            "customer_owned_ipv4_pool": "",
            "enable_dns64": false,
            "enable_resource_name_dns_a_record_on_launch": false,
            "enable_resource_name_dns_aaaa_record_on_launch": false,
            "id": "subnet-0536ab1f26c8b0576",
            "ipv6_cidr_block": "",
            "ipv6_cidr_block_association_id": "",
            "ipv6_native": false,
            "map_customer_owned_ip_on_launch": false,
            "map_public_ip_on_launch": true,
            "outpost_arn": "",
            "owner_id": "164325525997",
            "private_dns_hostname_type_on_launch": "ip-name",
            "tags": {
              "Name": "caldera-test_public"
            },
            "tags_all": {
              "Name": "caldera-test_public"
            },
            "timeouts": null,
            "vpc_id": "vpc-0ae9168ccae7d77b2"
          },
          "sensitive_attributes": [],
          "private": "eyJlMmJmYjczMC1lY2FhLTExZTYtOGY4OC0zNDM2M2JjN2M0YzAiOnsiY3JlYXRlIjo2MDAwMDAwMDAwMDAsImRlbGV0ZSI6MTIwMDAwMDAwMDAwMH0sInNjaGVtYV92ZXJzaW9uIjoiMSJ9",
          "dependencies": [
            "module.vpc.aws_vpc.this",
            "module.vpc.aws_vpc_ipv4_cidr_block_association.this"
          ]
        },
        {
          "index_key": 1,
          "schema_version": 1,
          "attributes": {
            "arn": "arn:aws:ec2:us-east-1:164325525997:subnet/subnet-06a2e72892f64ccea",
            "assign_ipv6_address_on_creation": false,
            "availability_zone": "us-east-1b",
            "availability_zone_id": "use1-az6",
            "cidr_block": "172.23.36.0/22",
            "customer_owned_ipv4_pool": "",
            "enable_dns64": false,
            "enable_resource_name_dns_a_record_on_launch": false,
            "enable_resource_name_dns_aaaa_record_on_launch": false,
            "id": "subnet-06a2e72892f64ccea",
            "ipv6_cidr_block": "",
            "ipv6_cidr_block_association_id": "",
            "ipv6_native": false,
            "map_customer_owned_ip_on_launch": false,
            "map_public_ip_on_launch": true,
            "outpost_arn": "",
            "owner_id": "164325525997",
            "private_dns_hostname_type_on_launch": "ip-name",
            "tags": {
              "Name": "caldera-test_public"
            },
            "tags_all": {
              "Name": "caldera-test_public"
            },
            "timeouts": null,
            "vpc_id": "vpc-0ae9168ccae7d77b2"
          },
          "sensitive_attributes": [],
          "private": "eyJlMmJmYjczMC1lY2FhLTExZTYtOGY4OC0zNDM2M2JjN2M0YzAiOnsiY3JlYXRlIjo2MDAwMDAwMDAwMDAsImRlbGV0ZSI6MTIwMDAwMDAwMDAwMH0sInNjaGVtYV92ZXJzaW9uIjoiMSJ9",
          "dependencies": [
            "module.vpc.aws_vpc.this",
            "module.vpc.aws_vpc_ipv4_cidr_block_association.this"
          ]
        },
        {
          "index_key": 2,
          "schema_version": 1,
          "attributes": {
            "arn": "arn:aws:ec2:us-east-1:164325525997:subnet/subnet-03854e4716cf9caf0",
            "assign_ipv6_address_on_creation": false,
            "availability_zone": "us-east-1c",
            "availability_zone_id": "use1-az1",
            "cidr_block": "172.23.68.0/22",
            "customer_owned_ipv4_pool": "",
            "enable_dns64": false,
            "enable_resource_name_dns_a_record_on_launch": false,
            "enable_resource_name_dns_aaaa_record_on_launch": false,
            "id": "subnet-03854e4716cf9caf0",
            "ipv6_cidr_block": "",
            "ipv6_cidr_block_association_id": "",
            "ipv6_native": false,
            "map_customer_owned_ip_on_launch": false,
            "map_public_ip_on_launch": true,
            "outpost_arn": "",
            "owner_id": "164325525997",
            "private_dns_hostname_type_on_launch": "ip-name",
            "tags": {
              "Name": "caldera-test_public"
            },
            "tags_all": {
              "Name": "caldera-test_public"
            },
            "timeouts": null,
            "vpc_id": "vpc-0ae9168ccae7d77b2"
          },
          "sensitive_attributes": [],
          "private": "eyJlMmJmYjczMC1lY2FhLTExZTYtOGY4OC0zNDM2M2JjN2M0YzAiOnsiY3JlYXRlIjo2MDAwMDAwMDAwMDAsImRlbGV0ZSI6MTIwMDAwMDAwMDAwMH0sInNjaGVtYV92ZXJzaW9uIjoiMSJ9",
          "dependencies": [
            "module.vpc.aws_vpc.this",
            "module.vpc.aws_vpc_ipv4_cidr_block_association.this"
          ]
        },
        {
          "index_key": 3,
          "schema_version": 1,
          "attributes": {
            "arn": "arn:aws:ec2:us-east-1:164325525997:subnet/subnet-070094458fc5d85ed",
            "assign_ipv6_address_on_creation": false,
            "availability_zone": "us-east-1d",
            "availability_zone_id": "use1-az2",
            "cidr_block": "172.23.100.0/22",
            "customer_owned_ipv4_pool": "",
            "enable_dns64": false,
            "enable_resource_name_dns_a_record_on_launch": false,
            "enable_resource_name_dns_aaaa_record_on_launch": false,
            "id": "subnet-070094458fc5d85ed",
            "ipv6_cidr_block": "",
            "ipv6_cidr_block_association_id": "",
            "ipv6_native": false,
            "map_customer_owned_ip_on_launch": false,
            "map_public_ip_on_launch": true,
            "outpost_arn": "",
            "owner_id": "164325525997",
            "private_dns_hostname_type_on_launch": "ip-name",
            "tags": {
              "Name": "caldera-test_public"
            },
            "tags_all": {
              "Name": "caldera-test_public"
            },
            "timeouts": null,
            "vpc_id": "vpc-0ae9168ccae7d77b2"
          },
          "sensitive_attributes": [],
          "private": "eyJlMmJmYjczMC1lY2FhLTExZTYtOGY4OC0zNDM2M2JjN2M0YzAiOnsiY3JlYXRlIjo2MDAwMDAwMDAwMDAsImRlbGV0ZSI6MTIwMDAwMDAwMDAwMH0sInNjaGVtYV92ZXJzaW9uIjoiMSJ9",
          "dependencies": [
            "module.vpc.aws_vpc.this",
            "module.vpc.aws_vpc_ipv4_cidr_block_association.this"
          ]
        },
        {
          "index_key": 4,
          "schema_version": 1,
          "attributes": {
            "arn": "arn:aws:ec2:us-east-1:164325525997:subnet/subnet-0205a5c4c469690be",
            "assign_ipv6_address_on_creation": false,
            "availability_zone": "us-east-1f",
            "availability_zone_id": "use1-az5",
            "cidr_block": "172.23.164.0/22",
            "customer_owned_ipv4_pool": "",
            "enable_dns64": false,
            "enable_resource_name_dns_a_record_on_launch": false,
            "enable_resource_name_dns_aaaa_record_on_launch": false,
            "id": "subnet-0205a5c4c469690be",
            "ipv6_cidr_block": "",
            "ipv6_cidr_block_association_id": "",
            "ipv6_native": false,
            "map_customer_owned_ip_on_launch": false,
            "map_public_ip_on_launch": true,
            "outpost_arn": "",
            "owner_id": "164325525997",
            "private_dns_hostname_type_on_launch": "ip-name",
            "tags": {
              "Name": "caldera-test_public"
            },
            "tags_all": {
              "Name": "caldera-test_public"
            },
            "timeouts": null,
            "vpc_id": "vpc-0ae9168ccae7d77b2"
          },
          "sensitive_attributes": [],
          "private": "eyJlMmJmYjczMC1lY2FhLTExZTYtOGY4OC0zNDM2M2JjN2M0YzAiOnsiY3JlYXRlIjo2MDAwMDAwMDAwMDAsImRlbGV0ZSI6MTIwMDAwMDAwMDAwMH0sInNjaGVtYV92ZXJzaW9uIjoiMSJ9",
          "dependencies": [
            "module.vpc.aws_vpc.this",
            "module.vpc.aws_vpc_ipv4_cidr_block_association.this"
          ]
        }
      ]
    },
    {
      "module": "module.vpc",
      "mode": "managed",
      "type": "aws_vpc",
      "name": "this",
      "provider": "provider[\"registry.terraform.io/hashicorp/aws\"]",
      "instances": [
        {
          "index_key": 0,
          "schema_version": 1,
          "attributes": {
            "arn": "arn:aws:ec2:us-east-1:164325525997:vpc/vpc-0ae9168ccae7d77b2",
            "assign_generated_ipv6_cidr_block": false,
            "cidr_block": "172.23.0.0/16",
            "default_network_acl_id": "acl-072ff4d035d181ca9",
            "default_route_table_id": "rtb-01620685c65d860a6",
            "default_security_group_id": "sg-09e8076e865054948",
            "dhcp_options_id": "dopt-018a31723fb75775d",
            "enable_classiclink": false,
            "enable_classiclink_dns_support": false,
            "enable_dns_hostnames": true,
            "enable_dns_support": true,
            "id": "vpc-0ae9168ccae7d77b2",
            "instance_tenancy": "default",
            "ipv4_ipam_pool_id": null,
            "ipv4_netmask_length": null,
            "ipv6_association_id": "",
            "ipv6_cidr_block": "",
            "ipv6_cidr_block_network_border_group": "",
            "ipv6_ipam_pool_id": "",
            "ipv6_netmask_length": 0,
            "main_route_table_id": "rtb-01620685c65d860a6",
            "owner_id": "164325525997",
            "tags": {
              "Name": "VPC"
            },
            "tags_all": {
              "Name": "VPC"
            }
          },
          "sensitive_attributes": [],
          "private": "eyJzY2hlbWFfdmVyc2lvbiI6IjEifQ=="
        }
      ]
    }
  ]
}
