{
  "version": 4,
  "terraform_version": "1.2.4",
  "serial": 38,
  "lineage": "92d7cb4d-44f7-894a-e703-7c2cf0c9085d",
  "outputs": {
    "caldera_server_id": {
      "value": "i-0e041abc70463eef8",
      "type": "string"
    },
    "caldera_server_ip": {
      "value": "54.159.5.56",
      "type": "string"
    },
    "linux_host_id": {
      "value": "i-0d2d649bede67c437",
      "type": "string"
    },
    "linux_host_ip": {
      "value": "172.23.32.95",
      "type": "string"
    },
    "rsa_private_key": {
      "value": "-----BEGIN RSA PRIVATE KEY-----\nMIIJKQIBAAKCAgEA06D38YSu63uIjvN688JT09AenSFrw5R6veQK7a3QoXnM8zWg\ngwva/rgrg7luad/1DCwpDPYdjjdaiuw3/Zpw+soLGo0j02kMozWLaaaQnc5GkDCo\nRBiTmGx/rTFlYAsyMHduk1M2P3A/+mAdjVdC8PssLPjphK62/5dti5IS3SivMF1U\nuEGslREjH2x2Oek6O90DsiLdqhbaTKP/st65q8idvO0/8Iw9D4i61tsReinrOaWM\nIGiGfpOVJ+U9AXEOuNHB1FIPcCf4lEWOI4r1D17zyvc5KTGC0cve3Js8scPyxpTq\nDUWiQq8gSqqQLFvpkcVGlF0Wjoyv7zIYH5Tc5ZwfbHD/VHqNn4xJbdBmXmNLOtgk\ngqW9hCNNwTR/aEn2TJeUsMru+ORu2KgX002/Ct6KzSJlkJR+7325ZVGQ0Wkf8t/m\nFMSRERr8wVbIKSGq5CRmcLIxPMJG4as+mXEt94o8NuYHSrJ9Nlls+ohbGxC14mZv\nnGqEkb2j+7wq8BcK2+IEVR6dnCJeWWdph044SRZ3zf9WRyEyS5O0X8RYSl+jxpD2\njWsmKSGG9iWa8w6B2SqgaU23+TsHnl9j1pZrgmU5reVSn38wusVxEAla/mHyN+/Q\nKi0UuyrbMnY0xLl9vMXxMC/T1x0irqAar/8YYApXWxcBM7NnVsf5agh5/cECAwEA\nAQKCAgEAtcMrMWSkV9xiDWVR1Mqy9NlrccmipPiB81ZJjJoc9pOGU91bXzJvhRbp\nSNma25RfA3VqTJeWCu+/9FGuRULAhqXBo6xVeN5g3EzA0J0e2GqycGVaICJ7og6O\nGlKynyr+kGIDtsVhclsWmBS1TRAFjrQr3PRsnGjzA9MrYxSy3wBydzex7A98CwwM\n/pBJerO2MHRDGFyZxdya4fh5RUfGcKR91iZvJEtOpmjpEGBXQnV+cqSdFbiwy0Y2\ndW2OWA6idlqx/4n7eHjcJ30V97EBiZIkEc8EaTz8/vP7Fb6/Am8ptSVxYLTOCDgh\no/+alH7cvTaSyBqrpQNwmCCOV5GjpoAzSxM5y9Qbq8O1Hx8HvjJcCZ6JkD9F053c\nQzfoZvAxehHWxVVvhDfhBlXgR4QAjoofFhrt/+qTAbDLB5EZ+R/vwy8zzIlqmbT+\nhchpG4MxzKypK1fY+lkLUYfTR5++QU8CRfola9o9P8D5GOLDk49VnaXNhosHkz3E\nbJjssh3Z0NhFZMP2ll5TP5sqdajMLu5XNA47z9qFcZ+3WS/2wlEfpjRmzn1Nf4uD\nKJm5729GRRp7cLhiVYmYJ+8585+ZeDb4/Eic8opSttP+baI+P3YkrUkbcxPhSvSx\nElQAWxd5YXUsnDy0mJ2VUjHrRXwggdbxLmD8wka8zd/p6XCOxYECggEBANPDbrfw\nLyRbSc4iUerIVGdWN4UBfdQeVvaH3VK3TMSAO33Tk/n/I9qDBVi6ztyQlBOmTqRm\nf48RlR0xGqnoIRG5WvAcanoTzG2vVU0AZETUwzjUvfx288nzFVXrGZupqQGcZbmw\n6dRR2AZfz+I8e3qDTxWamdk9H8b7T8oYTKLWE55gbzYUpEN5IFX9YhPX4ArbVhpY\nHFceEXR4T34y8C4nDFMdoEn3V3yPcbkMVgVWKYuKSCv1Nf6TUKXU5Ex1Sy6z/ziW\njEQPcmRgqhWLBHbpMcDWD3E/rT3KB5CBAp3QE9RxbxMpVQZl9jcKTO+GCwD+W7yr\nvKXCYpsghvuaMLMCggEBAP/WVi4Mh81bhcXcugEXuIKa8ZgIwT/Wr486wGy3hYGQ\n8cuGNcsFQUjqO45Z09AuO/JqraxncKxFtgxaoK9di4xV/PG4gtzwqkOIPimV1PYZ\ncK59W/cN4t3QVHgWcvC0ns9WzrcgyxyQQMnXowbrAG2yTFB9fGqAgO327G4/H2dY\nOf3458H9Ifs7Pq2vBBp+3YADWi4gO0dvbHRVRhbrWGk4EshW8slxMr/hA1jAovYB\nrbnc4eDo+cIkCGpgpxNTZZCIEaH+5hTUbw/B8j9KzUp9JbPQD7+rSl6aqxeumIWJ\nTsoj11Y45GOpuo9/U08k5b1Ka2eG7tCF3FJu5K0labsCggEAdXhtO+YmEJH/cDUD\noi08/RILvGGmbnviG+IkeVUrZboIxnUPGlhZiEa0OZNvW1VsfzX7XCFr026afFYY\nB3a4mX9sHdR1kIDZH2Nq+0sjVDd+kFEbjyhhdn69MCs5ymskULt0hrzICbrZDjgq\nNsL8cGrU/RQFEkhhD12r1l0CbjY5Ldsq9iIfOTrBIFJuDLntE7i2m+iS2BTa8/Ql\njMkvCTsqEBVYLI/j3TopiNB6C33PkBPGk3P0XuNTkpp1hqBuc1rwUnDZIIw9Fce1\nsjuq31fe/K0CZf0/2g3vgk6+p9KcnXXLeyKrguAe5Et3gEuoYQW42AGgpYcechVq\nK7pOFwKCAQEAvN2BP3t2oY6IIfqBwh690oUKB1+nMjaN4iHQPjH5OB5FsicA/UCC\n4o4wqzT7HjuTe7FvRtASKMtJyrL43p0jUNWF5vh8exibyUECCvcWgRtkyRu4UZkJ\nuxB52zFPZw0gFBaUgjKOXybK/XbYXloMNe8jUWRh/cmh5IqeHgExcLx8C1a92MLD\nXFFvQw7p65lucXuIDncy69iA6xysomzZFswTaZxunXGYsngtXU7QvuWcV5KNmdjD\n0KODJuz1SloNp3Yb9khTmFr/JlXaPQk+plffBnB5v9h3DYIG/nOhGyuzY5yz8m4L\nhNue4yJu4QVvKJ+QzJubH4tCjARbgssU0wKCAQA2JDnYZim55oJpfOfalRn3OxjE\noP0QO/BcJO9smbgPZ29NTEnYjvllb8az2mG2WfKk3H5efEM017eIwm7yRN0az9Qg\ni8PsctZM1DYh66sH53848dJLfr1ICo5KzGMetbIAI3V0Az5py/LtneROuwi2OSQ+\n53Sb+KM65QC4FjgVeG+1JLx+1nMoCJUdcVz8LktxOwq0VxunvwCoiTnHhfKWkOoL\neFgJq3tZnrh4o4d0orlI6Xo0kzwUR1BwR8lvJ0FNBcfHiE5gc5RYcf5ko2QSx+3S\n0lwetFpGaIZMubBaaKUmSx6oyJtBi+RHHeaB1S7rBb3NVQHfrmXwKdsLvyRQ\n-----END RSA PRIVATE KEY-----\n",
      "type": "string"
    },
    "windows_host_id": {
      "value": "i-0049322c9bc6e115c",
      "type": "string"
    },
    "windows_host_ip": {
      "value": "172.23.64.95",
      "type": "string"
    }
  },
  "resources": [
    {
      "mode": "managed",
      "type": "aws_instance",
      "name": "caldera_server",
      "provider": "provider[\"registry.terraform.io/hashicorp/aws\"]",
      "instances": [
        {
          "schema_version": 1,
          "attributes": {
            "ami": "ami-09d56f8956ab235b3",
            "arn": "arn:aws:ec2:us-east-1:165541912265:instance/i-0e041abc70463eef8",
            "associate_public_ip_address": true,
            "availability_zone": "us-east-1a",
            "capacity_reservation_specification": [
              {
                "capacity_reservation_preference": "open",
                "capacity_reservation_target": []
              }
            ],
            "cpu_core_count": 1,
            "cpu_threads_per_core": 2,
            "credit_specification": [
              {
                "cpu_credits": "unlimited"
              }
            ],
            "disable_api_stop": false,
            "disable_api_termination": false,
            "ebs_block_device": [],
            "ebs_optimized": false,
            "enclave_options": [
              {
                "enabled": false
              }
            ],
            "ephemeral_block_device": [],
            "get_password_data": false,
            "hibernation": false,
            "host_id": null,
            "host_resource_group_arn": null,
            "iam_instance_profile": "",
            "id": "i-0e041abc70463eef8",
            "instance_initiated_shutdown_behavior": "stop",
            "instance_state": "running",
            "instance_type": "t3.medium",
            "ipv6_address_count": 0,
            "ipv6_addresses": [],
            "key_name": "caldera-nodes",
            "launch_template": [],
            "maintenance_options": [
              {
                "auto_recovery": "default"
              }
            ],
            "metadata_options": [
              {
                "http_endpoint": "enabled",
                "http_put_response_hop_limit": 1,
                "http_tokens": "optional",
                "instance_metadata_tags": "disabled"
              }
            ],
            "monitoring": false,
            "network_interface": [],
            "outpost_arn": "",
            "password_data": "",
            "placement_group": "",
            "placement_partition_number": null,
            "primary_network_interface_id": "eni-0b1ac8cdcae537a6c",
            "private_dns": "ip-172-23-4-95.ec2.internal",
            "private_dns_name_options": [
              {
                "enable_resource_name_dns_a_record": false,
                "enable_resource_name_dns_aaaa_record": false,
                "hostname_type": "ip-name"
              }
            ],
            "private_ip": "172.23.4.95",
            "public_dns": "ec2-54-159-5-56.compute-1.amazonaws.com",
            "public_ip": "54.159.5.56",
            "root_block_device": [
              {
                "delete_on_termination": true,
                "device_name": "/dev/sda1",
                "encrypted": true,
                "iops": 100,
                "kms_key_id": "arn:aws:kms:us-east-1:165541912265:key/e8abbc0f-a37f-4e57-8071-d137c2a25664",
                "tags": {},
                "throughput": 0,
                "volume_id": "vol-022308eb7ca53318c",
                "volume_size": 8,
                "volume_type": "gp2"
              }
            ],
            "secondary_private_ips": [],
            "security_groups": [],
            "source_dest_check": true,
            "subnet_id": "subnet-0ece6ca523d7e6547",
            "tags": {
              "Name": "caldera_server",
              "environment": "caldera-test"
            },
            "tags_all": {
              "Name": "caldera_server",
              "environment": "caldera-test"
            },
            "tenancy": "default",
            "timeouts": null,
            "user_data": null,
            "user_data_base64": null,
            "user_data_replace_on_change": false,
            "volume_tags": null,
            "vpc_security_group_ids": [
              "sg-063ca37c11c8453fa"
            ]
          },
          "sensitive_attributes": [],
          "private": "eyJlMmJmYjczMC1lY2FhLTExZTYtOGY4OC0zNDM2M2JjN2M0YzAiOnsiY3JlYXRlIjo2MDAwMDAwMDAwMDAsImRlbGV0ZSI6MTIwMDAwMDAwMDAwMCwidXBkYXRlIjo2MDAwMDAwMDAwMDB9LCJzY2hlbWFfdmVyc2lvbiI6IjEifQ==",
          "dependencies": [
            "aws_security_group.sg_caldera_server",
            "module.aws_rsa_key.aws_key_pair.worker",
            "module.aws_rsa_key.local_file.ssh_local",
            "module.aws_rsa_key.tls_private_key.ssh_key",
            "module.vpc.aws_cloudwatch_log_group.flow_log",
            "module.vpc.aws_customer_gateway.this",
            "module.vpc.aws_db_subnet_group.database",
            "module.vpc.aws_default_network_acl.this",
            "module.vpc.aws_default_route_table.default",
            "module.vpc.aws_default_security_group.this",
            "module.vpc.aws_default_vpc.this",
            "module.vpc.aws_egress_only_internet_gateway.this",
            "module.vpc.aws_eip.nat",
            "module.vpc.aws_elasticache_subnet_group.elasticache",
            "module.vpc.aws_flow_log.this",
            "module.vpc.aws_iam_policy.vpc_flow_log_cloudwatch",
            "module.vpc.aws_iam_role.vpc_flow_log_cloudwatch",
            "module.vpc.aws_iam_role_policy_attachment.vpc_flow_log_cloudwatch",
            "module.vpc.aws_internet_gateway.this",
            "module.vpc.aws_nat_gateway.this",
            "module.vpc.aws_network_acl.database",
            "module.vpc.aws_network_acl.elasticache",
            "module.vpc.aws_network_acl.intra",
            "module.vpc.aws_network_acl.outpost",
            "module.vpc.aws_network_acl.private",
            "module.vpc.aws_network_acl.public",
            "module.vpc.aws_network_acl.redshift",
            "module.vpc.aws_network_acl_rule.database_inbound",
            "module.vpc.aws_network_acl_rule.database_outbound",
            "module.vpc.aws_network_acl_rule.elasticache_inbound",
            "module.vpc.aws_network_acl_rule.elasticache_outbound",
            "module.vpc.aws_network_acl_rule.intra_inbound",
            "module.vpc.aws_network_acl_rule.intra_outbound",
            "module.vpc.aws_network_acl_rule.outpost_inbound",
            "module.vpc.aws_network_acl_rule.outpost_outbound",
            "module.vpc.aws_network_acl_rule.private_inbound",
            "module.vpc.aws_network_acl_rule.private_outbound",
            "module.vpc.aws_network_acl_rule.public_inbound",
            "module.vpc.aws_network_acl_rule.public_outbound",
            "module.vpc.aws_network_acl_rule.redshift_inbound",
            "module.vpc.aws_network_acl_rule.redshift_outbound",
            "module.vpc.aws_redshift_subnet_group.redshift",
            "module.vpc.aws_route.database_internet_gateway",
            "module.vpc.aws_route.database_ipv6_egress",
            "module.vpc.aws_route.database_nat_gateway",
            "module.vpc.aws_route.private_ipv6_egress",
            "module.vpc.aws_route.private_nat_gateway",
            "module.vpc.aws_route.public_internet_gateway",
            "module.vpc.aws_route.public_internet_gateway_ipv6",
            "module.vpc.aws_route_table.database",
            "module.vpc.aws_route_table.elasticache",
            "module.vpc.aws_route_table.intra",
            "module.vpc.aws_route_table.private",
            "module.vpc.aws_route_table.public",
            "module.vpc.aws_route_table.redshift",
            "module.vpc.aws_route_table_association.database",
            "module.vpc.aws_route_table_association.elasticache",
            "module.vpc.aws_route_table_association.intra",
            "module.vpc.aws_route_table_association.outpost",
            "module.vpc.aws_route_table_association.private",
            "module.vpc.aws_route_table_association.public",
            "module.vpc.aws_route_table_association.redshift",
            "module.vpc.aws_route_table_association.redshift_public",
            "module.vpc.aws_subnet.database",
            "module.vpc.aws_subnet.elasticache",
            "module.vpc.aws_subnet.intra",
            "module.vpc.aws_subnet.outpost",
            "module.vpc.aws_subnet.private",
            "module.vpc.aws_subnet.public",
            "module.vpc.aws_subnet.redshift",
            "module.vpc.aws_vpc.this",
            "module.vpc.aws_vpc_dhcp_options.this",
            "module.vpc.aws_vpc_dhcp_options_association.this",
            "module.vpc.aws_vpc_ipv4_cidr_block_association.this",
            "module.vpc.aws_vpn_gateway.this",
            "module.vpc.aws_vpn_gateway_attachment.this",
            "module.vpc.aws_vpn_gateway_route_propagation.intra",
            "module.vpc.aws_vpn_gateway_route_propagation.private",
            "module.vpc.aws_vpn_gateway_route_propagation.public",
            "module.vpc.data.aws_iam_policy_document.flow_log_cloudwatch_assume_role",
            "module.vpc.data.aws_iam_policy_document.vpc_flow_log_cloudwatch"
          ]
        }
      ]
    },
    {
      "mode": "managed",
      "type": "aws_instance",
      "name": "linux_host",
      "provider": "provider[\"registry.terraform.io/hashicorp/aws\"]",
      "instances": [
        {
          "schema_version": 1,
          "attributes": {
            "ami": "ami-09d56f8956ab235b3",
            "arn": "arn:aws:ec2:us-east-1:165541912265:instance/i-0d2d649bede67c437",
            "associate_public_ip_address": false,
            "availability_zone": "us-east-1b",
            "capacity_reservation_specification": [
              {
                "capacity_reservation_preference": "open",
                "capacity_reservation_target": []
              }
            ],
            "cpu_core_count": 1,
            "cpu_threads_per_core": 1,
            "credit_specification": [
              {
                "cpu_credits": "standard"
              }
            ],
            "disable_api_stop": false,
            "disable_api_termination": false,
            "ebs_block_device": [],
            "ebs_optimized": false,
            "enclave_options": [
              {
                "enabled": false
              }
            ],
            "ephemeral_block_device": [],
            "get_password_data": false,
            "hibernation": false,
            "host_id": null,
            "host_resource_group_arn": null,
            "iam_instance_profile": "",
            "id": "i-0d2d649bede67c437",
            "instance_initiated_shutdown_behavior": "stop",
            "instance_state": "running",
            "instance_type": "t2.small",
            "ipv6_address_count": 0,
            "ipv6_addresses": [],
            "key_name": "caldera-nodes",
            "launch_template": [],
            "maintenance_options": [
              {
                "auto_recovery": "default"
              }
            ],
            "metadata_options": [
              {
                "http_endpoint": "enabled",
                "http_put_response_hop_limit": 1,
                "http_tokens": "optional",
                "instance_metadata_tags": "disabled"
              }
            ],
            "monitoring": false,
            "network_interface": [],
            "outpost_arn": "",
            "password_data": "",
            "placement_group": "",
            "placement_partition_number": null,
            "primary_network_interface_id": "eni-08dc8f8030cbd76b7",
            "private_dns": "ip-172-23-32-95.ec2.internal",
            "private_dns_name_options": [
              {
                "enable_resource_name_dns_a_record": false,
                "enable_resource_name_dns_aaaa_record": false,
                "hostname_type": "ip-name"
              }
            ],
            "private_ip": "172.23.32.95",
            "public_dns": "",
            "public_ip": "",
            "root_block_device": [
              {
                "delete_on_termination": true,
                "device_name": "/dev/sda1",
                "encrypted": true,
                "iops": 100,
                "kms_key_id": "arn:aws:kms:us-east-1:165541912265:key/e8abbc0f-a37f-4e57-8071-d137c2a25664",
                "tags": {},
                "throughput": 0,
                "volume_id": "vol-0eb0b770f26c6de43",
                "volume_size": 8,
                "volume_type": "gp2"
              }
            ],
            "secondary_private_ips": [],
            "security_groups": [],
            "source_dest_check": true,
            "subnet_id": "subnet-0e7d91113859d569b",
            "tags": {
              "Name": "linux_host",
              "environment": "caldera-test"
            },
            "tags_all": {
              "Name": "linux_host",
              "environment": "caldera-test"
            },
            "tenancy": "default",
            "timeouts": null,
            "user_data": null,
            "user_data_base64": null,
            "user_data_replace_on_change": false,
            "volume_tags": null,
            "vpc_security_group_ids": [
              "sg-070be4b41a5644e3c"
            ]
          },
          "sensitive_attributes": [],
          "private": "eyJlMmJmYjczMC1lY2FhLTExZTYtOGY4OC0zNDM2M2JjN2M0YzAiOnsiY3JlYXRlIjo2MDAwMDAwMDAwMDAsImRlbGV0ZSI6MTIwMDAwMDAwMDAwMCwidXBkYXRlIjo2MDAwMDAwMDAwMDB9LCJzY2hlbWFfdmVyc2lvbiI6IjEifQ==",
          "dependencies": [
            "aws_instance.caldera_server",
            "aws_security_group.sg_caldera_linux",
            "module.aws_rsa_key.aws_key_pair.worker",
            "module.aws_rsa_key.local_file.ssh_local",
            "module.aws_rsa_key.tls_private_key.ssh_key",
            "module.vpc.aws_cloudwatch_log_group.flow_log",
            "module.vpc.aws_customer_gateway.this",
            "module.vpc.aws_db_subnet_group.database",
            "module.vpc.aws_default_network_acl.this",
            "module.vpc.aws_default_route_table.default",
            "module.vpc.aws_default_security_group.this",
            "module.vpc.aws_default_vpc.this",
            "module.vpc.aws_egress_only_internet_gateway.this",
            "module.vpc.aws_eip.nat",
            "module.vpc.aws_elasticache_subnet_group.elasticache",
            "module.vpc.aws_flow_log.this",
            "module.vpc.aws_iam_policy.vpc_flow_log_cloudwatch",
            "module.vpc.aws_iam_role.vpc_flow_log_cloudwatch",
            "module.vpc.aws_iam_role_policy_attachment.vpc_flow_log_cloudwatch",
            "module.vpc.aws_internet_gateway.this",
            "module.vpc.aws_nat_gateway.this",
            "module.vpc.aws_network_acl.database",
            "module.vpc.aws_network_acl.elasticache",
            "module.vpc.aws_network_acl.intra",
            "module.vpc.aws_network_acl.outpost",
            "module.vpc.aws_network_acl.private",
            "module.vpc.aws_network_acl.public",
            "module.vpc.aws_network_acl.redshift",
            "module.vpc.aws_network_acl_rule.database_inbound",
            "module.vpc.aws_network_acl_rule.database_outbound",
            "module.vpc.aws_network_acl_rule.elasticache_inbound",
            "module.vpc.aws_network_acl_rule.elasticache_outbound",
            "module.vpc.aws_network_acl_rule.intra_inbound",
            "module.vpc.aws_network_acl_rule.intra_outbound",
            "module.vpc.aws_network_acl_rule.outpost_inbound",
            "module.vpc.aws_network_acl_rule.outpost_outbound",
            "module.vpc.aws_network_acl_rule.private_inbound",
            "module.vpc.aws_network_acl_rule.private_outbound",
            "module.vpc.aws_network_acl_rule.public_inbound",
            "module.vpc.aws_network_acl_rule.public_outbound",
            "module.vpc.aws_network_acl_rule.redshift_inbound",
            "module.vpc.aws_network_acl_rule.redshift_outbound",
            "module.vpc.aws_redshift_subnet_group.redshift",
            "module.vpc.aws_route.database_internet_gateway",
            "module.vpc.aws_route.database_ipv6_egress",
            "module.vpc.aws_route.database_nat_gateway",
            "module.vpc.aws_route.private_ipv6_egress",
            "module.vpc.aws_route.private_nat_gateway",
            "module.vpc.aws_route.public_internet_gateway",
            "module.vpc.aws_route.public_internet_gateway_ipv6",
            "module.vpc.aws_route_table.database",
            "module.vpc.aws_route_table.elasticache",
            "module.vpc.aws_route_table.intra",
            "module.vpc.aws_route_table.private",
            "module.vpc.aws_route_table.public",
            "module.vpc.aws_route_table.redshift",
            "module.vpc.aws_route_table_association.database",
            "module.vpc.aws_route_table_association.elasticache",
            "module.vpc.aws_route_table_association.intra",
            "module.vpc.aws_route_table_association.outpost",
            "module.vpc.aws_route_table_association.private",
            "module.vpc.aws_route_table_association.public",
            "module.vpc.aws_route_table_association.redshift",
            "module.vpc.aws_route_table_association.redshift_public",
            "module.vpc.aws_subnet.database",
            "module.vpc.aws_subnet.elasticache",
            "module.vpc.aws_subnet.intra",
            "module.vpc.aws_subnet.outpost",
            "module.vpc.aws_subnet.private",
            "module.vpc.aws_subnet.public",
            "module.vpc.aws_subnet.redshift",
            "module.vpc.aws_vpc.this",
            "module.vpc.aws_vpc_dhcp_options.this",
            "module.vpc.aws_vpc_dhcp_options_association.this",
            "module.vpc.aws_vpc_ipv4_cidr_block_association.this",
            "module.vpc.aws_vpn_gateway.this",
            "module.vpc.aws_vpn_gateway_attachment.this",
            "module.vpc.aws_vpn_gateway_route_propagation.intra",
            "module.vpc.aws_vpn_gateway_route_propagation.private",
            "module.vpc.aws_vpn_gateway_route_propagation.public",
            "module.vpc.data.aws_iam_policy_document.flow_log_cloudwatch_assume_role",
            "module.vpc.data.aws_iam_policy_document.vpc_flow_log_cloudwatch"
          ]
        }
      ]
    },
    {
      "mode": "managed",
      "type": "aws_instance",
      "name": "windows_host",
      "provider": "provider[\"registry.terraform.io/hashicorp/aws\"]",
      "instances": [
        {
          "schema_version": 1,
          "attributes": {
            "ami": "ami-0f1ee03d06c4c659c",
            "arn": "arn:aws:ec2:us-east-1:165541912265:instance/i-0049322c9bc6e115c",
            "associate_public_ip_address": false,
            "availability_zone": "us-east-1c",
            "capacity_reservation_specification": [
              {
                "capacity_reservation_preference": "open",
                "capacity_reservation_target": []
              }
            ],
            "cpu_core_count": 1,
            "cpu_threads_per_core": 2,
            "credit_specification": [
              {
                "cpu_credits": "unlimited"
              }
            ],
            "disable_api_stop": false,
            "disable_api_termination": false,
            "ebs_block_device": [],
            "ebs_optimized": false,
            "enclave_options": [
              {
                "enabled": false
              }
            ],
            "ephemeral_block_device": [],
            "get_password_data": false,
            "hibernation": false,
            "host_id": null,
            "host_resource_group_arn": null,
            "iam_instance_profile": "",
            "id": "i-0049322c9bc6e115c",
            "instance_initiated_shutdown_behavior": "stop",
            "instance_state": "running",
            "instance_type": "t3.medium",
            "ipv6_address_count": 0,
            "ipv6_addresses": [],
            "key_name": "caldera-nodes",
            "launch_template": [],
            "maintenance_options": [
              {
                "auto_recovery": "default"
              }
            ],
            "metadata_options": [
              {
                "http_endpoint": "enabled",
                "http_put_response_hop_limit": 1,
                "http_tokens": "optional",
                "instance_metadata_tags": "disabled"
              }
            ],
            "monitoring": false,
            "network_interface": [],
            "outpost_arn": "",
            "password_data": "",
            "placement_group": "",
            "placement_partition_number": null,
            "primary_network_interface_id": "eni-058d619133f6a1a12",
            "private_dns": "ip-172-23-64-95.ec2.internal",
            "private_dns_name_options": [
              {
                "enable_resource_name_dns_a_record": false,
                "enable_resource_name_dns_aaaa_record": false,
                "hostname_type": "ip-name"
              }
            ],
            "private_ip": "172.23.64.95",
            "public_dns": "",
            "public_ip": "",
            "root_block_device": [
              {
                "delete_on_termination": true,
                "device_name": "/dev/sda1",
                "encrypted": true,
                "iops": 100,
                "kms_key_id": "arn:aws:kms:us-east-1:165541912265:key/e8abbc0f-a37f-4e57-8071-d137c2a25664",
                "tags": {},
                "throughput": 0,
                "volume_id": "vol-0e1d254bdcfdd7760",
                "volume_size": 30,
                "volume_type": "gp2"
              }
            ],
            "secondary_private_ips": [],
            "security_groups": [],
            "source_dest_check": true,
            "subnet_id": "subnet-0fcbc39bf1c2d1e6a",
            "tags": {
              "Name": "windows_host",
              "environment": "caldera-test"
            },
            "tags_all": {
              "Name": "windows_host",
              "environment": "caldera-test"
            },
            "tenancy": "default",
            "timeouts": null,
            "user_data": "8d2cac9cfbb35aa92861f612274d1f1f6848e59c",
            "user_data_base64": null,
            "user_data_replace_on_change": false,
            "volume_tags": null,
            "vpc_security_group_ids": [
              "sg-0740ee8a68a144882"
            ]
          },
          "sensitive_attributes": [],
          "private": "eyJlMmJmYjczMC1lY2FhLTExZTYtOGY4OC0zNDM2M2JjN2M0YzAiOnsiY3JlYXRlIjo2MDAwMDAwMDAwMDAsImRlbGV0ZSI6MTIwMDAwMDAwMDAwMCwidXBkYXRlIjo2MDAwMDAwMDAwMDB9LCJzY2hlbWFfdmVyc2lvbiI6IjEifQ==",
          "dependencies": [
            "aws_instance.caldera_server",
            "aws_security_group.sg_caldera_windows",
            "module.aws_rsa_key.aws_key_pair.worker",
            "module.aws_rsa_key.local_file.ssh_local",
            "module.aws_rsa_key.tls_private_key.ssh_key",
            "module.vpc.aws_cloudwatch_log_group.flow_log",
            "module.vpc.aws_customer_gateway.this",
            "module.vpc.aws_db_subnet_group.database",
            "module.vpc.aws_default_network_acl.this",
            "module.vpc.aws_default_route_table.default",
            "module.vpc.aws_default_security_group.this",
            "module.vpc.aws_default_vpc.this",
            "module.vpc.aws_egress_only_internet_gateway.this",
            "module.vpc.aws_eip.nat",
            "module.vpc.aws_elasticache_subnet_group.elasticache",
            "module.vpc.aws_flow_log.this",
            "module.vpc.aws_iam_policy.vpc_flow_log_cloudwatch",
            "module.vpc.aws_iam_role.vpc_flow_log_cloudwatch",
            "module.vpc.aws_iam_role_policy_attachment.vpc_flow_log_cloudwatch",
            "module.vpc.aws_internet_gateway.this",
            "module.vpc.aws_nat_gateway.this",
            "module.vpc.aws_network_acl.database",
            "module.vpc.aws_network_acl.elasticache",
            "module.vpc.aws_network_acl.intra",
            "module.vpc.aws_network_acl.outpost",
            "module.vpc.aws_network_acl.private",
            "module.vpc.aws_network_acl.public",
            "module.vpc.aws_network_acl.redshift",
            "module.vpc.aws_network_acl_rule.database_inbound",
            "module.vpc.aws_network_acl_rule.database_outbound",
            "module.vpc.aws_network_acl_rule.elasticache_inbound",
            "module.vpc.aws_network_acl_rule.elasticache_outbound",
            "module.vpc.aws_network_acl_rule.intra_inbound",
            "module.vpc.aws_network_acl_rule.intra_outbound",
            "module.vpc.aws_network_acl_rule.outpost_inbound",
            "module.vpc.aws_network_acl_rule.outpost_outbound",
            "module.vpc.aws_network_acl_rule.private_inbound",
            "module.vpc.aws_network_acl_rule.private_outbound",
            "module.vpc.aws_network_acl_rule.public_inbound",
            "module.vpc.aws_network_acl_rule.public_outbound",
            "module.vpc.aws_network_acl_rule.redshift_inbound",
            "module.vpc.aws_network_acl_rule.redshift_outbound",
            "module.vpc.aws_redshift_subnet_group.redshift",
            "module.vpc.aws_route.database_internet_gateway",
            "module.vpc.aws_route.database_ipv6_egress",
            "module.vpc.aws_route.database_nat_gateway",
            "module.vpc.aws_route.private_ipv6_egress",
            "module.vpc.aws_route.private_nat_gateway",
            "module.vpc.aws_route.public_internet_gateway",
            "module.vpc.aws_route.public_internet_gateway_ipv6",
            "module.vpc.aws_route_table.database",
            "module.vpc.aws_route_table.elasticache",
            "module.vpc.aws_route_table.intra",
            "module.vpc.aws_route_table.private",
            "module.vpc.aws_route_table.public",
            "module.vpc.aws_route_table.redshift",
            "module.vpc.aws_route_table_association.database",
            "module.vpc.aws_route_table_association.elasticache",
            "module.vpc.aws_route_table_association.intra",
            "module.vpc.aws_route_table_association.outpost",
            "module.vpc.aws_route_table_association.private",
            "module.vpc.aws_route_table_association.public",
            "module.vpc.aws_route_table_association.redshift",
            "module.vpc.aws_route_table_association.redshift_public",
            "module.vpc.aws_subnet.database",
            "module.vpc.aws_subnet.elasticache",
            "module.vpc.aws_subnet.intra",
            "module.vpc.aws_subnet.outpost",
            "module.vpc.aws_subnet.private",
            "module.vpc.aws_subnet.public",
            "module.vpc.aws_subnet.redshift",
            "module.vpc.aws_vpc.this",
            "module.vpc.aws_vpc_dhcp_options.this",
            "module.vpc.aws_vpc_dhcp_options_association.this",
            "module.vpc.aws_vpc_ipv4_cidr_block_association.this",
            "module.vpc.aws_vpn_gateway.this",
            "module.vpc.aws_vpn_gateway_attachment.this",
            "module.vpc.aws_vpn_gateway_route_propagation.intra",
            "module.vpc.aws_vpn_gateway_route_propagation.private",
            "module.vpc.aws_vpn_gateway_route_propagation.public",
            "module.vpc.data.aws_iam_policy_document.flow_log_cloudwatch_assume_role",
            "module.vpc.data.aws_iam_policy_document.vpc_flow_log_cloudwatch"
          ]
        }
      ]
    },
    {
      "mode": "managed",
      "type": "aws_security_group",
      "name": "sg_caldera_linux",
      "provider": "provider[\"registry.terraform.io/hashicorp/aws\"]",
      "instances": [
        {
          "schema_version": 1,
          "attributes": {
            "arn": "arn:aws:ec2:us-east-1:165541912265:security-group/sg-070be4b41a5644e3c",
            "description": "Allow ssh access for linux host",
            "egress": [
              {
                "cidr_blocks": [
                  "0.0.0.0/0"
                ],
                "description": "",
                "from_port": 0,
                "ipv6_cidr_blocks": [],
                "prefix_list_ids": [],
                "protocol": "-1",
                "security_groups": [],
                "self": false,
                "to_port": 0
              }
            ],
            "id": "sg-070be4b41a5644e3c",
            "ingress": [
              {
                "cidr_blocks": [
                  "172.23.0.0/16"
                ],
                "description": "SSH port",
                "from_port": 22,
                "ipv6_cidr_blocks": [],
                "prefix_list_ids": [],
                "protocol": "tcp",
                "security_groups": [],
                "self": false,
                "to_port": 22
              }
            ],
            "name": "sg_caldera_linux",
            "name_prefix": "",
            "owner_id": "165541912265",
            "revoke_rules_on_delete": false,
            "tags": {
              "environment": "caldera-test"
            },
            "tags_all": {
              "environment": "caldera-test"
            },
            "timeouts": null,
            "vpc_id": "vpc-04ac84afb2f68f481"
          },
          "sensitive_attributes": [],
          "private": "eyJlMmJmYjczMC1lY2FhLTExZTYtOGY4OC0zNDM2M2JjN2M0YzAiOnsiY3JlYXRlIjo2MDAwMDAwMDAwMDAsImRlbGV0ZSI6OTAwMDAwMDAwMDAwfSwic2NoZW1hX3ZlcnNpb24iOiIxIn0=",
          "dependencies": [
            "module.vpc.aws_vpc.this"
          ]
        }
      ]
    },
    {
      "mode": "managed",
      "type": "aws_security_group",
      "name": "sg_caldera_server",
      "provider": "provider[\"registry.terraform.io/hashicorp/aws\"]",
      "instances": [
        {
          "schema_version": 1,
          "attributes": {
            "arn": "arn:aws:ec2:us-east-1:165541912265:security-group/sg-063ca37c11c8453fa",
            "description": "Allow ports for caldera server",
            "egress": [
              {
                "cidr_blocks": [
                  "0.0.0.0/0"
                ],
                "description": "",
                "from_port": 0,
                "ipv6_cidr_blocks": [],
                "prefix_list_ids": [],
                "protocol": "-1",
                "security_groups": [],
                "self": false,
                "to_port": 0
              }
            ],
            "id": "sg-063ca37c11c8453fa",
            "ingress": [
              {
                "cidr_blocks": [
                  "0.0.0.0/0"
                ],
                "description": "Caldera server port",
                "from_port": 2288,
                "ipv6_cidr_blocks": [],
                "prefix_list_ids": [],
                "protocol": "tcp",
                "security_groups": [],
                "self": false,
                "to_port": 2288
              },
              {
                "cidr_blocks": [
                  "0.0.0.0/0"
                ],
                "description": "SSH from VPC",
                "from_port": 22,
                "ipv6_cidr_blocks": [],
                "prefix_list_ids": [],
                "protocol": "tcp",
                "security_groups": [],
                "self": false,
                "to_port": 22
              }
            ],
            "name": "sg_caldera_server",
            "name_prefix": "",
            "owner_id": "165541912265",
            "revoke_rules_on_delete": false,
            "tags": {
              "environment": "caldera-test"
            },
            "tags_all": {
              "environment": "caldera-test"
            },
            "timeouts": null,
            "vpc_id": "vpc-04ac84afb2f68f481"
          },
          "sensitive_attributes": [],
          "private": "eyJlMmJmYjczMC1lY2FhLTExZTYtOGY4OC0zNDM2M2JjN2M0YzAiOnsiY3JlYXRlIjo2MDAwMDAwMDAwMDAsImRlbGV0ZSI6OTAwMDAwMDAwMDAwfSwic2NoZW1hX3ZlcnNpb24iOiIxIn0=",
          "dependencies": [
            "module.vpc.aws_vpc.this"
          ]
        }
      ]
    },
    {
      "mode": "managed",
      "type": "aws_security_group",
      "name": "sg_caldera_windows",
      "provider": "provider[\"registry.terraform.io/hashicorp/aws\"]",
      "instances": [
        {
          "schema_version": 1,
          "attributes": {
            "arn": "arn:aws:ec2:us-east-1:165541912265:security-group/sg-0740ee8a68a144882",
            "description": "Allow RDP for windows host",
            "egress": [
              {
                "cidr_blocks": [
                  "0.0.0.0/0"
                ],
                "description": "",
                "from_port": 0,
                "ipv6_cidr_blocks": [],
                "prefix_list_ids": [],
                "protocol": "-1",
                "security_groups": [],
                "self": false,
                "to_port": 0
              }
            ],
            "id": "sg-0740ee8a68a144882",
            "ingress": [
              {
                "cidr_blocks": [
                  "0.0.0.0/0"
                ],
                "description": "RDP port",
                "from_port": 3389,
                "ipv6_cidr_blocks": [],
                "prefix_list_ids": [],
                "protocol": "tcp",
                "security_groups": [],
                "self": false,
                "to_port": 3389
              }
            ],
            "name": "sg_caldera_windows",
            "name_prefix": "",
            "owner_id": "165541912265",
            "revoke_rules_on_delete": false,
            "tags": {
              "environment": "caldera-test"
            },
            "tags_all": {
              "environment": "caldera-test"
            },
            "timeouts": null,
            "vpc_id": "vpc-04ac84afb2f68f481"
          },
          "sensitive_attributes": [],
          "private": "eyJlMmJmYjczMC1lY2FhLTExZTYtOGY4OC0zNDM2M2JjN2M0YzAiOnsiY3JlYXRlIjo2MDAwMDAwMDAwMDAsImRlbGV0ZSI6OTAwMDAwMDAwMDAwfSwic2NoZW1hX3ZlcnNpb24iOiIxIn0=",
          "dependencies": [
            "module.vpc.aws_vpc.this"
          ]
        }
      ]
    },
    {
      "module": "module.aws_rsa_key",
      "mode": "managed",
      "type": "aws_key_pair",
      "name": "worker",
      "provider": "provider[\"registry.terraform.io/hashicorp/aws\"]",
      "instances": [
        {
          "schema_version": 1,
          "attributes": {
            "arn": "arn:aws:ec2:us-east-1:165541912265:key-pair/caldera-nodes",
            "fingerprint": "7e:c1:3d:51:fb:d4:9c:8a:79:6c:e0:d3:81:7c:f6:c2",
            "id": "caldera-nodes",
            "key_name": "caldera-nodes",
            "key_name_prefix": "",
            "key_pair_id": "key-08c379d0edb82f911",
            "key_type": "rsa",
            "public_key": "ssh-rsa AAAAB3NzaC1yc2EAAAADAQABAAACAQDToPfxhK7re4iO83rzwlPT0B6dIWvDlHq95ArtrdCheczzNaCDC9r+uCuDuW5p3/UMLCkM9h2ON1qK7Df9mnD6ygsajSPTaQyjNYtpppCdzkaQMKhEGJOYbH+tMWVgCzIwd26TUzY/cD/6YB2NV0Lw+yws+OmErrb/l22LkhLdKK8wXVS4QayVESMfbHY56To73QOyIt2qFtpMo/+y3rmryJ287T/wjD0PiLrW2xF6Kes5pYwgaIZ+k5Un5T0BcQ640cHUUg9wJ/iURY4jivUPXvPK9zkpMYLRy97cmzyxw/LGlOoNRaJCryBKqpAsW+mRxUaUXRaOjK/vMhgflNzlnB9scP9Ueo2fjElt0GZeY0s62CSCpb2EI03BNH9oSfZMl5Swyu745G7YqBfTTb8K3orNImWQlH7vfbllUZDRaR/y3+YUxJERGvzBVsgpIarkJGZwsjE8wkbhqz6ZcS33ijw25gdKsn02WWz6iFsbELXiZm+caoSRvaP7vCrwFwrb4gRVHp2cIl5ZZ2mHTjhJFnfN/1ZHITJLk7RfxFhKX6PGkPaNayYpIYb2JZrzDoHZKqBpTbf5OweeX2PWlmuCZTmt5VKffzC6xXEQCVr+YfI379AqLRS7KtsydjTEuX28xfEwL9PXHSKuoBqv/xhgCldbFwEzs2dWx/lqCHn9wQ==",
            "tags": {},
            "tags_all": {}
          },
          "sensitive_attributes": [],
          "private": "eyJzY2hlbWFfdmVyc2lvbiI6IjEifQ==",
          "dependencies": [
            "module.aws_rsa_key.tls_private_key.ssh_key",
            "module.vpc.aws_cloudwatch_log_group.flow_log",
            "module.vpc.aws_customer_gateway.this",
            "module.vpc.aws_db_subnet_group.database",
            "module.vpc.aws_default_network_acl.this",
            "module.vpc.aws_default_route_table.default",
            "module.vpc.aws_default_security_group.this",
            "module.vpc.aws_default_vpc.this",
            "module.vpc.aws_egress_only_internet_gateway.this",
            "module.vpc.aws_eip.nat",
            "module.vpc.aws_elasticache_subnet_group.elasticache",
            "module.vpc.aws_flow_log.this",
            "module.vpc.aws_iam_policy.vpc_flow_log_cloudwatch",
            "module.vpc.aws_iam_role.vpc_flow_log_cloudwatch",
            "module.vpc.aws_iam_role_policy_attachment.vpc_flow_log_cloudwatch",
            "module.vpc.aws_internet_gateway.this",
            "module.vpc.aws_nat_gateway.this",
            "module.vpc.aws_network_acl.database",
            "module.vpc.aws_network_acl.elasticache",
            "module.vpc.aws_network_acl.intra",
            "module.vpc.aws_network_acl.outpost",
            "module.vpc.aws_network_acl.private",
            "module.vpc.aws_network_acl.public",
            "module.vpc.aws_network_acl.redshift",
            "module.vpc.aws_network_acl_rule.database_inbound",
            "module.vpc.aws_network_acl_rule.database_outbound",
            "module.vpc.aws_network_acl_rule.elasticache_inbound",
            "module.vpc.aws_network_acl_rule.elasticache_outbound",
            "module.vpc.aws_network_acl_rule.intra_inbound",
            "module.vpc.aws_network_acl_rule.intra_outbound",
            "module.vpc.aws_network_acl_rule.outpost_inbound",
            "module.vpc.aws_network_acl_rule.outpost_outbound",
            "module.vpc.aws_network_acl_rule.private_inbound",
            "module.vpc.aws_network_acl_rule.private_outbound",
            "module.vpc.aws_network_acl_rule.public_inbound",
            "module.vpc.aws_network_acl_rule.public_outbound",
            "module.vpc.aws_network_acl_rule.redshift_inbound",
            "module.vpc.aws_network_acl_rule.redshift_outbound",
            "module.vpc.aws_redshift_subnet_group.redshift",
            "module.vpc.aws_route.database_internet_gateway",
            "module.vpc.aws_route.database_ipv6_egress",
            "module.vpc.aws_route.database_nat_gateway",
            "module.vpc.aws_route.private_ipv6_egress",
            "module.vpc.aws_route.private_nat_gateway",
            "module.vpc.aws_route.public_internet_gateway",
            "module.vpc.aws_route.public_internet_gateway_ipv6",
            "module.vpc.aws_route_table.database",
            "module.vpc.aws_route_table.elasticache",
            "module.vpc.aws_route_table.intra",
            "module.vpc.aws_route_table.private",
            "module.vpc.aws_route_table.public",
            "module.vpc.aws_route_table.redshift",
            "module.vpc.aws_route_table_association.database",
            "module.vpc.aws_route_table_association.elasticache",
            "module.vpc.aws_route_table_association.intra",
            "module.vpc.aws_route_table_association.outpost",
            "module.vpc.aws_route_table_association.private",
            "module.vpc.aws_route_table_association.public",
            "module.vpc.aws_route_table_association.redshift",
            "module.vpc.aws_route_table_association.redshift_public",
            "module.vpc.aws_subnet.database",
            "module.vpc.aws_subnet.elasticache",
            "module.vpc.aws_subnet.intra",
            "module.vpc.aws_subnet.outpost",
            "module.vpc.aws_subnet.private",
            "module.vpc.aws_subnet.public",
            "module.vpc.aws_subnet.redshift",
            "module.vpc.aws_vpc.this",
            "module.vpc.aws_vpc_dhcp_options.this",
            "module.vpc.aws_vpc_dhcp_options_association.this",
            "module.vpc.aws_vpc_ipv4_cidr_block_association.this",
            "module.vpc.aws_vpn_gateway.this",
            "module.vpc.aws_vpn_gateway_attachment.this",
            "module.vpc.aws_vpn_gateway_route_propagation.intra",
            "module.vpc.aws_vpn_gateway_route_propagation.private",
            "module.vpc.aws_vpn_gateway_route_propagation.public",
            "module.vpc.data.aws_iam_policy_document.flow_log_cloudwatch_assume_role",
            "module.vpc.data.aws_iam_policy_document.vpc_flow_log_cloudwatch"
          ]
        }
      ]
    },
    {
      "module": "module.aws_rsa_key",
      "mode": "managed",
      "type": "tls_private_key",
      "name": "ssh_key",
      "provider": "provider[\"registry.terraform.io/hashicorp/tls\"]",
      "instances": [
        {
          "schema_version": 1,
          "attributes": {
            "algorithm": "RSA",
            "ecdsa_curve": "P224",
            "id": "f8af482ba8f2ba8a7a5e541fcc2e11d0b5af9f55",
            "private_key_openssh": "-----BEGIN OPENSSH PRIVATE KEY-----\nb3BlbnNzaC1rZXktdjEAAAAABG5vbmUAAAAEbm9uZQAAAAAAAAABAAACFwAAAAdz\nc2gtcnNhAAAAAwEAAQAAAgEA06D38YSu63uIjvN688JT09AenSFrw5R6veQK7a3Q\noXnM8zWggwva/rgrg7luad/1DCwpDPYdjjdaiuw3/Zpw+soLGo0j02kMozWLaaaQ\nnc5GkDCoRBiTmGx/rTFlYAsyMHduk1M2P3A/+mAdjVdC8PssLPjphK62/5dti5IS\n3SivMF1UuEGslREjH2x2Oek6O90DsiLdqhbaTKP/st65q8idvO0/8Iw9D4i61tsR\neinrOaWMIGiGfpOVJ+U9AXEOuNHB1FIPcCf4lEWOI4r1D17zyvc5KTGC0cve3Js8\nscPyxpTqDUWiQq8gSqqQLFvpkcVGlF0Wjoyv7zIYH5Tc5ZwfbHD/VHqNn4xJbdBm\nXmNLOtgkgqW9hCNNwTR/aEn2TJeUsMru+ORu2KgX002/Ct6KzSJlkJR+7325ZVGQ\n0Wkf8t/mFMSRERr8wVbIKSGq5CRmcLIxPMJG4as+mXEt94o8NuYHSrJ9Nlls+ohb\nGxC14mZvnGqEkb2j+7wq8BcK2+IEVR6dnCJeWWdph044SRZ3zf9WRyEyS5O0X8RY\nSl+jxpD2jWsmKSGG9iWa8w6B2SqgaU23+TsHnl9j1pZrgmU5reVSn38wusVxEAla\n/mHyN+/QKi0UuyrbMnY0xLl9vMXxMC/T1x0irqAar/8YYApXWxcBM7NnVsf5agh5\n/cEAAAc4hWJExYViRMUAAAAHc3NoLXJzYQAAAgEA06D38YSu63uIjvN688JT09Ae\nnSFrw5R6veQK7a3QoXnM8zWggwva/rgrg7luad/1DCwpDPYdjjdaiuw3/Zpw+soL\nGo0j02kMozWLaaaQnc5GkDCoRBiTmGx/rTFlYAsyMHduk1M2P3A/+mAdjVdC8Pss\nLPjphK62/5dti5IS3SivMF1UuEGslREjH2x2Oek6O90DsiLdqhbaTKP/st65q8id\nvO0/8Iw9D4i61tsReinrOaWMIGiGfpOVJ+U9AXEOuNHB1FIPcCf4lEWOI4r1D17z\nyvc5KTGC0cve3Js8scPyxpTqDUWiQq8gSqqQLFvpkcVGlF0Wjoyv7zIYH5Tc5Zwf\nbHD/VHqNn4xJbdBmXmNLOtgkgqW9hCNNwTR/aEn2TJeUsMru+ORu2KgX002/Ct6K\nzSJlkJR+7325ZVGQ0Wkf8t/mFMSRERr8wVbIKSGq5CRmcLIxPMJG4as+mXEt94o8\nNuYHSrJ9Nlls+ohbGxC14mZvnGqEkb2j+7wq8BcK2+IEVR6dnCJeWWdph044SRZ3\nzf9WRyEyS5O0X8RYSl+jxpD2jWsmKSGG9iWa8w6B2SqgaU23+TsHnl9j1pZrgmU5\nreVSn38wusVxEAla/mHyN+/QKi0UuyrbMnY0xLl9vMXxMC/T1x0irqAar/8YYApX\nWxcBM7NnVsf5agh5/cEAAAADAQABAAACAQC1wysxZKRX3GINZVHUyrL02WtxyaKk\n+IHzVkmMmhz2k4ZT3VtfMm+FFulI2ZrblF8DdWpMl5YK77/0Ua5FQsCGpcGjrFV4\n3mDcTMDQnR7YarJwZVogInuiDo4aUrKfKv6QYgO2xWFyWxaYFLVNEAWOtCvc9Gyc\naPMD0ytjFLLfAHJ3N7HsD3wLDAz+kEl6s7YwdEMYXJnF3Jrh+HlFR8ZwpH3WJm8k\nS06maOkQYFdCdX5ypJ0VuLDLRjZ1bY5YDqJ2WrH/ift4eNwnfRX3sQGJkiQRzwRp\nPPz+8/sVvr8Cbym1JXFgtM4IOCGj/5qUfty9NpLIGqulA3CYII5XkaOmgDNLEznL\n1Burw7UfHwe+MlwJnomQP0XTndxDN+hm8DF6EdbFVW+EN+EGVeBHhACOih8WGu3/\n6pMBsMsHkRn5H+/DLzPMiWqZtP6FyGkbgzHMrKkrV9j6WQtRh9NHn75BTwJF+iVr\n2j0/wPkY4sOTj1Wdpc2GiweTPcRsmOyyHdnQ2EVkw/aWXlM/myp1qMwu7lc0DjvP\n2oVxn7dZL/bCUR+mNGbOfU1/i4Mombnvb0ZFGntwuGJViZgn7znzn5l4Nvj8SJzy\nilK20/5toj4/diStSRtzE+FK9LESVABbF3lhdSycPLSYnZVSMetFfCCB1vEuYPzC\nRrzN3+npcI7FgQAAAQA2JDnYZim55oJpfOfalRn3OxjEoP0QO/BcJO9smbgPZ29N\nTEnYjvllb8az2mG2WfKk3H5efEM017eIwm7yRN0az9Qgi8PsctZM1DYh66sH5384\n8dJLfr1ICo5KzGMetbIAI3V0Az5py/LtneROuwi2OSQ+53Sb+KM65QC4FjgVeG+1\nJLx+1nMoCJUdcVz8LktxOwq0VxunvwCoiTnHhfKWkOoLeFgJq3tZnrh4o4d0orlI\n6Xo0kzwUR1BwR8lvJ0FNBcfHiE5gc5RYcf5ko2QSx+3S0lwetFpGaIZMubBaaKUm\nSx6oyJtBi+RHHeaB1S7rBb3NVQHfrmXwKdsLvyRQAAABAQDTw2638C8kW0nOIlHq\nyFRnVjeFAX3UHlb2h91St0zEgDt905P5/yPagwVYus7ckJQTpk6kZn+PEZUdMRqp\n6CERuVrwHGp6E8xtr1VNAGRE1MM41L38dvPJ8xVV6xmbqakBnGW5sOnUUdgGX8/i\nPHt6g08VmpnZPR/G+0/KGEyi1hOeYG82FKRDeSBV/WIT1+AK21YaWBxXHhF0eE9+\nMvAuJwxTHaBJ91d8j3G5DFYFVimLikgr9TX+k1Cl1ORMdUsus/84loxED3JkYKoV\niwR26THA1g9xP609ygeQgQKd0BPUcW8TKVUGZfY3CkzvhgsA/lu8q7ylwmKbIIb7\nmjCzAAABAQD/1lYuDIfNW4XF3LoBF7iCmvGYCME/1q+POsBst4WBkPHLhjXLBUFI\n6juOWdPQLjvyaq2sZ3CsRbYMWqCvXYuMVfzxuILc8KpDiD4pldT2GXCufVv3DeLd\n0FR4FnLwtJ7PVs63IMsckEDJ16MG6wBtskxQfXxqgIDt9uxuPx9nWDn9+OfB/SH7\nOz6trwQaft2AA1ouIDtHb2x0VUYW61hpOBLIVvLJcTK/4QNYwKL2Aa253OHg6PnC\nJAhqYKcTU2WQiBGh/uYU1G8PwfI/Ss1KfSWz0A+/q0pemqsXrpiFiU7KI9dWOORj\nqbqPf1NPJOW9Smtnhu7QhdxSbuStJWm7AAAAAAEC\n-----END OPENSSH PRIVATE KEY-----\n",
            "private_key_pem": "-----BEGIN RSA PRIVATE KEY-----\nMIIJKQIBAAKCAgEA06D38YSu63uIjvN688JT09AenSFrw5R6veQK7a3QoXnM8zWg\ngwva/rgrg7luad/1DCwpDPYdjjdaiuw3/Zpw+soLGo0j02kMozWLaaaQnc5GkDCo\nRBiTmGx/rTFlYAsyMHduk1M2P3A/+mAdjVdC8PssLPjphK62/5dti5IS3SivMF1U\nuEGslREjH2x2Oek6O90DsiLdqhbaTKP/st65q8idvO0/8Iw9D4i61tsReinrOaWM\nIGiGfpOVJ+U9AXEOuNHB1FIPcCf4lEWOI4r1D17zyvc5KTGC0cve3Js8scPyxpTq\nDUWiQq8gSqqQLFvpkcVGlF0Wjoyv7zIYH5Tc5ZwfbHD/VHqNn4xJbdBmXmNLOtgk\ngqW9hCNNwTR/aEn2TJeUsMru+ORu2KgX002/Ct6KzSJlkJR+7325ZVGQ0Wkf8t/m\nFMSRERr8wVbIKSGq5CRmcLIxPMJG4as+mXEt94o8NuYHSrJ9Nlls+ohbGxC14mZv\nnGqEkb2j+7wq8BcK2+IEVR6dnCJeWWdph044SRZ3zf9WRyEyS5O0X8RYSl+jxpD2\njWsmKSGG9iWa8w6B2SqgaU23+TsHnl9j1pZrgmU5reVSn38wusVxEAla/mHyN+/Q\nKi0UuyrbMnY0xLl9vMXxMC/T1x0irqAar/8YYApXWxcBM7NnVsf5agh5/cECAwEA\nAQKCAgEAtcMrMWSkV9xiDWVR1Mqy9NlrccmipPiB81ZJjJoc9pOGU91bXzJvhRbp\nSNma25RfA3VqTJeWCu+/9FGuRULAhqXBo6xVeN5g3EzA0J0e2GqycGVaICJ7og6O\nGlKynyr+kGIDtsVhclsWmBS1TRAFjrQr3PRsnGjzA9MrYxSy3wBydzex7A98CwwM\n/pBJerO2MHRDGFyZxdya4fh5RUfGcKR91iZvJEtOpmjpEGBXQnV+cqSdFbiwy0Y2\ndW2OWA6idlqx/4n7eHjcJ30V97EBiZIkEc8EaTz8/vP7Fb6/Am8ptSVxYLTOCDgh\no/+alH7cvTaSyBqrpQNwmCCOV5GjpoAzSxM5y9Qbq8O1Hx8HvjJcCZ6JkD9F053c\nQzfoZvAxehHWxVVvhDfhBlXgR4QAjoofFhrt/+qTAbDLB5EZ+R/vwy8zzIlqmbT+\nhchpG4MxzKypK1fY+lkLUYfTR5++QU8CRfola9o9P8D5GOLDk49VnaXNhosHkz3E\nbJjssh3Z0NhFZMP2ll5TP5sqdajMLu5XNA47z9qFcZ+3WS/2wlEfpjRmzn1Nf4uD\nKJm5729GRRp7cLhiVYmYJ+8585+ZeDb4/Eic8opSttP+baI+P3YkrUkbcxPhSvSx\nElQAWxd5YXUsnDy0mJ2VUjHrRXwggdbxLmD8wka8zd/p6XCOxYECggEBANPDbrfw\nLyRbSc4iUerIVGdWN4UBfdQeVvaH3VK3TMSAO33Tk/n/I9qDBVi6ztyQlBOmTqRm\nf48RlR0xGqnoIRG5WvAcanoTzG2vVU0AZETUwzjUvfx288nzFVXrGZupqQGcZbmw\n6dRR2AZfz+I8e3qDTxWamdk9H8b7T8oYTKLWE55gbzYUpEN5IFX9YhPX4ArbVhpY\nHFceEXR4T34y8C4nDFMdoEn3V3yPcbkMVgVWKYuKSCv1Nf6TUKXU5Ex1Sy6z/ziW\njEQPcmRgqhWLBHbpMcDWD3E/rT3KB5CBAp3QE9RxbxMpVQZl9jcKTO+GCwD+W7yr\nvKXCYpsghvuaMLMCggEBAP/WVi4Mh81bhcXcugEXuIKa8ZgIwT/Wr486wGy3hYGQ\n8cuGNcsFQUjqO45Z09AuO/JqraxncKxFtgxaoK9di4xV/PG4gtzwqkOIPimV1PYZ\ncK59W/cN4t3QVHgWcvC0ns9WzrcgyxyQQMnXowbrAG2yTFB9fGqAgO327G4/H2dY\nOf3458H9Ifs7Pq2vBBp+3YADWi4gO0dvbHRVRhbrWGk4EshW8slxMr/hA1jAovYB\nrbnc4eDo+cIkCGpgpxNTZZCIEaH+5hTUbw/B8j9KzUp9JbPQD7+rSl6aqxeumIWJ\nTsoj11Y45GOpuo9/U08k5b1Ka2eG7tCF3FJu5K0labsCggEAdXhtO+YmEJH/cDUD\noi08/RILvGGmbnviG+IkeVUrZboIxnUPGlhZiEa0OZNvW1VsfzX7XCFr026afFYY\nB3a4mX9sHdR1kIDZH2Nq+0sjVDd+kFEbjyhhdn69MCs5ymskULt0hrzICbrZDjgq\nNsL8cGrU/RQFEkhhD12r1l0CbjY5Ldsq9iIfOTrBIFJuDLntE7i2m+iS2BTa8/Ql\njMkvCTsqEBVYLI/j3TopiNB6C33PkBPGk3P0XuNTkpp1hqBuc1rwUnDZIIw9Fce1\nsjuq31fe/K0CZf0/2g3vgk6+p9KcnXXLeyKrguAe5Et3gEuoYQW42AGgpYcechVq\nK7pOFwKCAQEAvN2BP3t2oY6IIfqBwh690oUKB1+nMjaN4iHQPjH5OB5FsicA/UCC\n4o4wqzT7HjuTe7FvRtASKMtJyrL43p0jUNWF5vh8exibyUECCvcWgRtkyRu4UZkJ\nuxB52zFPZw0gFBaUgjKOXybK/XbYXloMNe8jUWRh/cmh5IqeHgExcLx8C1a92MLD\nXFFvQw7p65lucXuIDncy69iA6xysomzZFswTaZxunXGYsngtXU7QvuWcV5KNmdjD\n0KODJuz1SloNp3Yb9khTmFr/JlXaPQk+plffBnB5v9h3DYIG/nOhGyuzY5yz8m4L\nhNue4yJu4QVvKJ+QzJubH4tCjARbgssU0wKCAQA2JDnYZim55oJpfOfalRn3OxjE\noP0QO/BcJO9smbgPZ29NTEnYjvllb8az2mG2WfKk3H5efEM017eIwm7yRN0az9Qg\ni8PsctZM1DYh66sH53848dJLfr1ICo5KzGMetbIAI3V0Az5py/LtneROuwi2OSQ+\n53Sb+KM65QC4FjgVeG+1JLx+1nMoCJUdcVz8LktxOwq0VxunvwCoiTnHhfKWkOoL\neFgJq3tZnrh4o4d0orlI6Xo0kzwUR1BwR8lvJ0FNBcfHiE5gc5RYcf5ko2QSx+3S\n0lwetFpGaIZMubBaaKUmSx6oyJtBi+RHHeaB1S7rBb3NVQHfrmXwKdsLvyRQ\n-----END RSA PRIVATE KEY-----\n",
            "private_key_pem_pkcs8": "-----BEGIN PRIVATE KEY-----\nMIIJQwIBADANBgkqhkiG9w0BAQEFAASCCS0wggkpAgEAAoICAQDToPfxhK7re4iO\n83rzwlPT0B6dIWvDlHq95ArtrdCheczzNaCDC9r+uCuDuW5p3/UMLCkM9h2ON1qK\n7Df9mnD6ygsajSPTaQyjNYtpppCdzkaQMKhEGJOYbH+tMWVgCzIwd26TUzY/cD/6\nYB2NV0Lw+yws+OmErrb/l22LkhLdKK8wXVS4QayVESMfbHY56To73QOyIt2qFtpM\no/+y3rmryJ287T/wjD0PiLrW2xF6Kes5pYwgaIZ+k5Un5T0BcQ640cHUUg9wJ/iU\nRY4jivUPXvPK9zkpMYLRy97cmzyxw/LGlOoNRaJCryBKqpAsW+mRxUaUXRaOjK/v\nMhgflNzlnB9scP9Ueo2fjElt0GZeY0s62CSCpb2EI03BNH9oSfZMl5Swyu745G7Y\nqBfTTb8K3orNImWQlH7vfbllUZDRaR/y3+YUxJERGvzBVsgpIarkJGZwsjE8wkbh\nqz6ZcS33ijw25gdKsn02WWz6iFsbELXiZm+caoSRvaP7vCrwFwrb4gRVHp2cIl5Z\nZ2mHTjhJFnfN/1ZHITJLk7RfxFhKX6PGkPaNayYpIYb2JZrzDoHZKqBpTbf5Owee\nX2PWlmuCZTmt5VKffzC6xXEQCVr+YfI379AqLRS7KtsydjTEuX28xfEwL9PXHSKu\noBqv/xhgCldbFwEzs2dWx/lqCHn9wQIDAQABAoICAQC1wysxZKRX3GINZVHUyrL0\n2WtxyaKk+IHzVkmMmhz2k4ZT3VtfMm+FFulI2ZrblF8DdWpMl5YK77/0Ua5FQsCG\npcGjrFV43mDcTMDQnR7YarJwZVogInuiDo4aUrKfKv6QYgO2xWFyWxaYFLVNEAWO\ntCvc9GycaPMD0ytjFLLfAHJ3N7HsD3wLDAz+kEl6s7YwdEMYXJnF3Jrh+HlFR8Zw\npH3WJm8kS06maOkQYFdCdX5ypJ0VuLDLRjZ1bY5YDqJ2WrH/ift4eNwnfRX3sQGJ\nkiQRzwRpPPz+8/sVvr8Cbym1JXFgtM4IOCGj/5qUfty9NpLIGqulA3CYII5XkaOm\ngDNLEznL1Burw7UfHwe+MlwJnomQP0XTndxDN+hm8DF6EdbFVW+EN+EGVeBHhACO\nih8WGu3/6pMBsMsHkRn5H+/DLzPMiWqZtP6FyGkbgzHMrKkrV9j6WQtRh9NHn75B\nTwJF+iVr2j0/wPkY4sOTj1Wdpc2GiweTPcRsmOyyHdnQ2EVkw/aWXlM/myp1qMwu\n7lc0DjvP2oVxn7dZL/bCUR+mNGbOfU1/i4Mombnvb0ZFGntwuGJViZgn7znzn5l4\nNvj8SJzyilK20/5toj4/diStSRtzE+FK9LESVABbF3lhdSycPLSYnZVSMetFfCCB\n1vEuYPzCRrzN3+npcI7FgQKCAQEA08Nut/AvJFtJziJR6shUZ1Y3hQF91B5W9ofd\nUrdMxIA7fdOT+f8j2oMFWLrO3JCUE6ZOpGZ/jxGVHTEaqeghEbla8BxqehPMba9V\nTQBkRNTDONS9/HbzyfMVVesZm6mpAZxlubDp1FHYBl/P4jx7eoNPFZqZ2T0fxvtP\nyhhMotYTnmBvNhSkQ3kgVf1iE9fgCttWGlgcVx4RdHhPfjLwLicMUx2gSfdXfI9x\nuQxWBVYpi4pIK/U1/pNQpdTkTHVLLrP/OJaMRA9yZGCqFYsEdukxwNYPcT+tPcoH\nkIECndAT1HFvEylVBmX2NwpM74YLAP5bvKu8pcJimyCG+5owswKCAQEA/9ZWLgyH\nzVuFxdy6ARe4gprxmAjBP9avjzrAbLeFgZDxy4Y1ywVBSOo7jlnT0C478mqtrGdw\nrEW2DFqgr12LjFX88biC3PCqQ4g+KZXU9hlwrn1b9w3i3dBUeBZy8LSez1bOtyDL\nHJBAydejBusAbbJMUH18aoCA7fbsbj8fZ1g5/fjnwf0h+zs+ra8EGn7dgANaLiA7\nR29sdFVGFutYaTgSyFbyyXEyv+EDWMCi9gGtudzh4Oj5wiQIamCnE1NlkIgRof7m\nFNRvD8HyP0rNSn0ls9APv6tKXpqrF66YhYlOyiPXVjjkY6m6j39TTyTlvUprZ4bu\n0IXcUm7krSVpuwKCAQB1eG075iYQkf9wNQOiLTz9Egu8YaZue+Ib4iR5VStlugjG\ndQ8aWFmIRrQ5k29bVWx/NftcIWvTbpp8VhgHdriZf2wd1HWQgNkfY2r7SyNUN36Q\nURuPKGF2fr0wKznKayRQu3SGvMgJutkOOCo2wvxwatT9FAUSSGEPXavWXQJuNjkt\n2yr2Ih85OsEgUm4Mue0TuLab6JLYFNrz9CWMyS8JOyoQFVgsj+PdOimI0HoLfc+Q\nE8aTc/Re41OSmnWGoG5zWvBScNkgjD0Vx7WyO6rfV978rQJl/T/aDe+CTr6n0pyd\ndct7IquC4B7kS3eAS6hhBbjYAaClhx5yFWoruk4XAoIBAQC83YE/e3ahjogh+oHC\nHr3ShQoHX6cyNo3iIdA+Mfk4HkWyJwD9QILijjCrNPseO5N7sW9G0BIoy0nKsvje\nnSNQ1YXm+Hx7GJvJQQIK9xaBG2TJG7hRmQm7EHnbMU9nDSAUFpSCMo5fJsr9dthe\nWgw17yNRZGH9yaHkip4eATFwvHwLVr3YwsNcUW9DDunrmW5xe4gOdzLr2IDrHKyi\nbNkWzBNpnG6dcZiyeC1dTtC+5ZxXko2Z2MPQo4Mm7PVKWg2ndhv2SFOYWv8mVdo9\nCT6mV98GcHm/2HcNggb+c6EbK7NjnLPybguE257jIm7hBW8on5DMm5sfi0KMBFuC\nyxTTAoIBADYkOdhmKbnmgml859qVGfc7GMSg/RA78Fwk72yZuA9nb01MSdiO+WVv\nxrPaYbZZ8qTcfl58QzTXt4jCbvJE3RrP1CCLw+xy1kzUNiHrqwfnfzjx0kt+vUgK\njkrMYx61sgAjdXQDPmnL8u2d5E67CLY5JD7ndJv4ozrlALgWOBV4b7UkvH7WcygI\nlR1xXPwuS3E7CrRXG6e/AKiJOceF8paQ6gt4WAmre1meuHijh3SiuUjpejSTPBRH\nUHBHyW8nQU0Fx8eITmBzlFhx/mSjZBLH7dLSXB60WkZohky5sFpopSZLHqjIm0GL\n5Ecd5oHVLusFvc1VAd+uZfAp2wu/JFA=\n-----END PRIVATE KEY-----\n",
            "public_key_fingerprint_md5": "6c:1f:33:af:d7:92:20:4e:75:4e:f7:19:28:78:8e:e7",
            "public_key_fingerprint_sha256": "SHA256:ZsBFUvc8789mr+DsJKmUC0kBilgYPE+vtg/kxxNrNuw",
            "public_key_openssh": "ssh-rsa AAAAB3NzaC1yc2EAAAADAQABAAACAQDToPfxhK7re4iO83rzwlPT0B6dIWvDlHq95ArtrdCheczzNaCDC9r+uCuDuW5p3/UMLCkM9h2ON1qK7Df9mnD6ygsajSPTaQyjNYtpppCdzkaQMKhEGJOYbH+tMWVgCzIwd26TUzY/cD/6YB2NV0Lw+yws+OmErrb/l22LkhLdKK8wXVS4QayVESMfbHY56To73QOyIt2qFtpMo/+y3rmryJ287T/wjD0PiLrW2xF6Kes5pYwgaIZ+k5Un5T0BcQ640cHUUg9wJ/iURY4jivUPXvPK9zkpMYLRy97cmzyxw/LGlOoNRaJCryBKqpAsW+mRxUaUXRaOjK/vMhgflNzlnB9scP9Ueo2fjElt0GZeY0s62CSCpb2EI03BNH9oSfZMl5Swyu745G7YqBfTTb8K3orNImWQlH7vfbllUZDRaR/y3+YUxJERGvzBVsgpIarkJGZwsjE8wkbhqz6ZcS33ijw25gdKsn02WWz6iFsbELXiZm+caoSRvaP7vCrwFwrb4gRVHp2cIl5ZZ2mHTjhJFnfN/1ZHITJLk7RfxFhKX6PGkPaNayYpIYb2JZrzDoHZKqBpTbf5OweeX2PWlmuCZTmt5VKffzC6xXEQCVr+YfI379AqLRS7KtsydjTEuX28xfEwL9PXHSKuoBqv/xhgCldbFwEzs2dWx/lqCHn9wQ==\n",
            "public_key_pem": "-----BEGIN PUBLIC KEY-----\nMIICIjANBgkqhkiG9w0BAQEFAAOCAg8AMIICCgKCAgEA06D38YSu63uIjvN688JT\n09AenSFrw5R6veQK7a3QoXnM8zWggwva/rgrg7luad/1DCwpDPYdjjdaiuw3/Zpw\n+soLGo0j02kMozWLaaaQnc5GkDCoRBiTmGx/rTFlYAsyMHduk1M2P3A/+mAdjVdC\n8PssLPjphK62/5dti5IS3SivMF1UuEGslREjH2x2Oek6O90DsiLdqhbaTKP/st65\nq8idvO0/8Iw9D4i61tsReinrOaWMIGiGfpOVJ+U9AXEOuNHB1FIPcCf4lEWOI4r1\nD17zyvc5KTGC0cve3Js8scPyxpTqDUWiQq8gSqqQLFvpkcVGlF0Wjoyv7zIYH5Tc\n5ZwfbHD/VHqNn4xJbdBmXmNLOtgkgqW9hCNNwTR/aEn2TJeUsMru+ORu2KgX002/\nCt6KzSJlkJR+7325ZVGQ0Wkf8t/mFMSRERr8wVbIKSGq5CRmcLIxPMJG4as+mXEt\n94o8NuYHSrJ9Nlls+ohbGxC14mZvnGqEkb2j+7wq8BcK2+IEVR6dnCJeWWdph044\nSRZ3zf9WRyEyS5O0X8RYSl+jxpD2jWsmKSGG9iWa8w6B2SqgaU23+TsHnl9j1pZr\ngmU5reVSn38wusVxEAla/mHyN+/QKi0UuyrbMnY0xLl9vMXxMC/T1x0irqAar/8Y\nYApXWxcBM7NnVsf5agh5/cECAwEAAQ==\n-----END PUBLIC KEY-----\n",
            "rsa_bits": 4096
          },
          "sensitive_attributes": [],
          "dependencies": [
            "module.vpc.aws_cloudwatch_log_group.flow_log",
            "module.vpc.aws_customer_gateway.this",
            "module.vpc.aws_db_subnet_group.database",
            "module.vpc.aws_default_network_acl.this",
            "module.vpc.aws_default_route_table.default",
            "module.vpc.aws_default_security_group.this",
            "module.vpc.aws_default_vpc.this",
            "module.vpc.aws_egress_only_internet_gateway.this",
            "module.vpc.aws_eip.nat",
            "module.vpc.aws_elasticache_subnet_group.elasticache",
            "module.vpc.aws_flow_log.this",
            "module.vpc.aws_iam_policy.vpc_flow_log_cloudwatch",
            "module.vpc.aws_iam_role.vpc_flow_log_cloudwatch",
            "module.vpc.aws_iam_role_policy_attachment.vpc_flow_log_cloudwatch",
            "module.vpc.aws_internet_gateway.this",
            "module.vpc.aws_nat_gateway.this",
            "module.vpc.aws_network_acl.database",
            "module.vpc.aws_network_acl.elasticache",
            "module.vpc.aws_network_acl.intra",
            "module.vpc.aws_network_acl.outpost",
            "module.vpc.aws_network_acl.private",
            "module.vpc.aws_network_acl.public",
            "module.vpc.aws_network_acl.redshift",
            "module.vpc.aws_network_acl_rule.database_inbound",
            "module.vpc.aws_network_acl_rule.database_outbound",
            "module.vpc.aws_network_acl_rule.elasticache_inbound",
            "module.vpc.aws_network_acl_rule.elasticache_outbound",
            "module.vpc.aws_network_acl_rule.intra_inbound",
            "module.vpc.aws_network_acl_rule.intra_outbound",
            "module.vpc.aws_network_acl_rule.outpost_inbound",
            "module.vpc.aws_network_acl_rule.outpost_outbound",
            "module.vpc.aws_network_acl_rule.private_inbound",
            "module.vpc.aws_network_acl_rule.private_outbound",
            "module.vpc.aws_network_acl_rule.public_inbound",
            "module.vpc.aws_network_acl_rule.public_outbound",
            "module.vpc.aws_network_acl_rule.redshift_inbound",
            "module.vpc.aws_network_acl_rule.redshift_outbound",
            "module.vpc.aws_redshift_subnet_group.redshift",
            "module.vpc.aws_route.database_internet_gateway",
            "module.vpc.aws_route.database_ipv6_egress",
            "module.vpc.aws_route.database_nat_gateway",
            "module.vpc.aws_route.private_ipv6_egress",
            "module.vpc.aws_route.private_nat_gateway",
            "module.vpc.aws_route.public_internet_gateway",
            "module.vpc.aws_route.public_internet_gateway_ipv6",
            "module.vpc.aws_route_table.database",
            "module.vpc.aws_route_table.elasticache",
            "module.vpc.aws_route_table.intra",
            "module.vpc.aws_route_table.private",
            "module.vpc.aws_route_table.public",
            "module.vpc.aws_route_table.redshift",
            "module.vpc.aws_route_table_association.database",
            "module.vpc.aws_route_table_association.elasticache",
            "module.vpc.aws_route_table_association.intra",
            "module.vpc.aws_route_table_association.outpost",
            "module.vpc.aws_route_table_association.private",
            "module.vpc.aws_route_table_association.public",
            "module.vpc.aws_route_table_association.redshift",
            "module.vpc.aws_route_table_association.redshift_public",
            "module.vpc.aws_subnet.database",
            "module.vpc.aws_subnet.elasticache",
            "module.vpc.aws_subnet.intra",
            "module.vpc.aws_subnet.outpost",
            "module.vpc.aws_subnet.private",
            "module.vpc.aws_subnet.public",
            "module.vpc.aws_subnet.redshift",
            "module.vpc.aws_vpc.this",
            "module.vpc.aws_vpc_dhcp_options.this",
            "module.vpc.aws_vpc_dhcp_options_association.this",
            "module.vpc.aws_vpc_ipv4_cidr_block_association.this",
            "module.vpc.aws_vpn_gateway.this",
            "module.vpc.aws_vpn_gateway_attachment.this",
            "module.vpc.aws_vpn_gateway_route_propagation.intra",
            "module.vpc.aws_vpn_gateway_route_propagation.private",
            "module.vpc.aws_vpn_gateway_route_propagation.public",
            "module.vpc.data.aws_iam_policy_document.flow_log_cloudwatch_assume_role",
            "module.vpc.data.aws_iam_policy_document.vpc_flow_log_cloudwatch"
          ]
        }
      ]
    },
    {
      "module": "module.vpc",
      "mode": "managed",
      "type": "aws_eip",
      "name": "nat",
      "provider": "provider[\"registry.terraform.io/hashicorp/aws\"]",
      "instances": [
        {
          "index_key": 0,
          "schema_version": 0,
          "attributes": {
            "address": null,
            "allocation_id": "eipalloc-098757cfe178b5516",
            "associate_with_private_ip": null,
            "association_id": "eipassoc-0bbb7e7944a57f151",
            "carrier_ip": "",
            "customer_owned_ip": "",
            "customer_owned_ipv4_pool": "",
            "domain": "vpc",
            "id": "eipalloc-098757cfe178b5516",
            "instance": "",
            "network_border_group": "us-east-1",
            "network_interface": "eni-06aa2f65b4943c37a",
            "private_dns": "ip-172-23-7-224.ec2.internal",
            "private_ip": "172.23.7.224",
            "public_dns": "ec2-52-207-191-133.compute-1.amazonaws.com",
            "public_ip": "52.207.191.133",
            "public_ipv4_pool": "amazon",
            "tags": {
              "Name": "VPC-us-east-1a"
            },
            "tags_all": {
              "Name": "VPC-us-east-1a"
            },
            "timeouts": null,
            "vpc": true
          },
          "sensitive_attributes": [],
          "private": "eyJlMmJmYjczMC1lY2FhLTExZTYtOGY4OC0zNDM2M2JjN2M0YzAiOnsiZGVsZXRlIjoxODAwMDAwMDAwMDAsInJlYWQiOjkwMDAwMDAwMDAwMCwidXBkYXRlIjozMDAwMDAwMDAwMDB9fQ=="
        }
      ]
    },
    {
      "module": "module.vpc",
      "mode": "managed",
      "type": "aws_internet_gateway",
      "name": "this",
      "provider": "provider[\"registry.terraform.io/hashicorp/aws\"]",
      "instances": [
        {
          "index_key": 0,
          "schema_version": 0,
          "attributes": {
            "arn": "arn:aws:ec2:us-east-1:165541912265:internet-gateway/igw-050931e543dd6ecd5",
            "id": "igw-050931e543dd6ecd5",
            "owner_id": "165541912265",
            "tags": {
              "Name": "VPC"
            },
            "tags_all": {
              "Name": "VPC"
            },
            "timeouts": null,
            "vpc_id": "vpc-04ac84afb2f68f481"
          },
          "sensitive_attributes": [],
          "private": "eyJlMmJmYjczMC1lY2FhLTExZTYtOGY4OC0zNDM2M2JjN2M0YzAiOnsiY3JlYXRlIjoxMjAwMDAwMDAwMDAwLCJkZWxldGUiOjEyMDAwMDAwMDAwMDAsInVwZGF0ZSI6MTIwMDAwMDAwMDAwMH19",
          "dependencies": [
            "module.vpc.aws_vpc.this",
            "module.vpc.aws_vpc_ipv4_cidr_block_association.this"
          ]
        }
      ]
    },
    {
      "module": "module.vpc",
      "mode": "managed",
      "type": "aws_nat_gateway",
      "name": "this",
      "provider": "provider[\"registry.terraform.io/hashicorp/aws\"]",
      "instances": [
        {
          "index_key": 0,
          "schema_version": 0,
          "attributes": {
            "allocation_id": "eipalloc-098757cfe178b5516",
            "connectivity_type": "public",
            "id": "nat-03ed0ba4c2ca498a4",
            "network_interface_id": "eni-06aa2f65b4943c37a",
            "private_ip": "172.23.7.224",
            "public_ip": "52.207.191.133",
            "subnet_id": "subnet-0ece6ca523d7e6547",
            "tags": {
              "Name": "caldera-test_natgateway"
            },
            "tags_all": {
              "Name": "caldera-test_natgateway"
            }
          },
          "sensitive_attributes": [],
          "private": "bnVsbA==",
          "dependencies": [
            "module.vpc.aws_eip.nat",
            "module.vpc.aws_internet_gateway.this",
            "module.vpc.aws_subnet.public",
            "module.vpc.aws_vpc.this",
            "module.vpc.aws_vpc_ipv4_cidr_block_association.this"
          ]
        }
      ]
    },
    {
      "module": "module.vpc",
      "mode": "managed",
      "type": "aws_route",
      "name": "private_nat_gateway",
      "provider": "provider[\"registry.terraform.io/hashicorp/aws\"]",
      "instances": [
        {
          "index_key": 0,
          "schema_version": 0,
          "attributes": {
            "carrier_gateway_id": "",
            "core_network_arn": "",
            "destination_cidr_block": "0.0.0.0/0",
            "destination_ipv6_cidr_block": "",
            "destination_prefix_list_id": "",
            "egress_only_gateway_id": "",
            "gateway_id": "",
            "id": "r-rtb-0ee8724dc0f3527641080289494",
            "instance_id": "",
            "instance_owner_id": "",
            "local_gateway_id": "",
            "nat_gateway_id": "nat-03ed0ba4c2ca498a4",
            "network_interface_id": "",
            "origin": "CreateRoute",
            "route_table_id": "rtb-0ee8724dc0f352764",
            "state": "active",
            "timeouts": {
              "create": "5m",
              "delete": null,
              "update": null
            },
            "transit_gateway_id": "",
            "vpc_endpoint_id": "",
            "vpc_peering_connection_id": ""
          },
          "sensitive_attributes": [],
          "private": "eyJlMmJmYjczMC1lY2FhLTExZTYtOGY4OC0zNDM2M2JjN2M0YzAiOnsiY3JlYXRlIjozMDAwMDAwMDAwMDAsImRlbGV0ZSI6MzAwMDAwMDAwMDAwLCJ1cGRhdGUiOjEyMDAwMDAwMDAwMH19",
          "dependencies": [
            "module.vpc.aws_eip.nat",
            "module.vpc.aws_internet_gateway.this",
            "module.vpc.aws_nat_gateway.this",
            "module.vpc.aws_route_table.private",
            "module.vpc.aws_subnet.public",
            "module.vpc.aws_vpc.this",
            "module.vpc.aws_vpc_ipv4_cidr_block_association.this"
          ]
        }
      ]
    },
    {
      "module": "module.vpc",
      "mode": "managed",
      "type": "aws_route",
      "name": "public_internet_gateway",
      "provider": "provider[\"registry.terraform.io/hashicorp/aws\"]",
      "instances": [
        {
          "index_key": 0,
          "schema_version": 0,
          "attributes": {
            "carrier_gateway_id": "",
            "core_network_arn": "",
            "destination_cidr_block": "0.0.0.0/0",
            "destination_ipv6_cidr_block": "",
            "destination_prefix_list_id": "",
            "egress_only_gateway_id": "",
            "gateway_id": "igw-050931e543dd6ecd5",
            "id": "r-rtb-0b8ddfd5bb60f2a701080289494",
            "instance_id": "",
            "instance_owner_id": "",
            "local_gateway_id": "",
            "nat_gateway_id": "",
            "network_interface_id": "",
            "origin": "CreateRoute",
            "route_table_id": "rtb-0b8ddfd5bb60f2a70",
            "state": "active",
            "timeouts": {
              "create": "5m",
              "delete": null,
              "update": null
            },
            "transit_gateway_id": "",
            "vpc_endpoint_id": "",
            "vpc_peering_connection_id": ""
          },
          "sensitive_attributes": [],
          "private": "eyJlMmJmYjczMC1lY2FhLTExZTYtOGY4OC0zNDM2M2JjN2M0YzAiOnsiY3JlYXRlIjozMDAwMDAwMDAwMDAsImRlbGV0ZSI6MzAwMDAwMDAwMDAwLCJ1cGRhdGUiOjEyMDAwMDAwMDAwMH19",
          "dependencies": [
            "module.vpc.aws_internet_gateway.this",
            "module.vpc.aws_route_table.public",
            "module.vpc.aws_vpc.this",
            "module.vpc.aws_vpc_ipv4_cidr_block_association.this"
          ]
        }
      ]
    },
    {
      "module": "module.vpc",
      "mode": "managed",
      "type": "aws_route_table",
      "name": "private",
      "provider": "provider[\"registry.terraform.io/hashicorp/aws\"]",
      "instances": [
        {
          "index_key": 0,
          "schema_version": 0,
          "attributes": {
            "arn": "arn:aws:ec2:us-east-1:165541912265:route-table/rtb-0ee8724dc0f352764",
            "id": "rtb-0ee8724dc0f352764",
            "owner_id": "165541912265",
            "propagating_vgws": [],
            "route": [
              {
                "carrier_gateway_id": "",
                "cidr_block": "0.0.0.0/0",
                "core_network_arn": "",
                "destination_prefix_list_id": "",
                "egress_only_gateway_id": "",
                "gateway_id": "",
                "instance_id": "",
                "ipv6_cidr_block": "",
                "local_gateway_id": "",
                "nat_gateway_id": "nat-03ed0ba4c2ca498a4",
                "network_interface_id": "",
                "transit_gateway_id": "",
                "vpc_endpoint_id": "",
                "vpc_peering_connection_id": ""
              }
            ],
            "tags": {
              "Name": "VPC-private"
            },
            "tags_all": {
              "Name": "VPC-private"
            },
            "timeouts": null,
            "vpc_id": "vpc-04ac84afb2f68f481"
          },
          "sensitive_attributes": [],
          "private": "eyJlMmJmYjczMC1lY2FhLTExZTYtOGY4OC0zNDM2M2JjN2M0YzAiOnsiY3JlYXRlIjozMDAwMDAwMDAwMDAsImRlbGV0ZSI6MzAwMDAwMDAwMDAwLCJ1cGRhdGUiOjEyMDAwMDAwMDAwMH19",
          "dependencies": [
            "module.vpc.aws_vpc.this",
            "module.vpc.aws_vpc_ipv4_cidr_block_association.this"
          ]
        }
      ]
    },
    {
      "module": "module.vpc",
      "mode": "managed",
      "type": "aws_route_table",
      "name": "public",
      "provider": "provider[\"registry.terraform.io/hashicorp/aws\"]",
      "instances": [
        {
          "index_key": 0,
          "schema_version": 0,
          "attributes": {
            "arn": "arn:aws:ec2:us-east-1:165541912265:route-table/rtb-0b8ddfd5bb60f2a70",
            "id": "rtb-0b8ddfd5bb60f2a70",
            "owner_id": "165541912265",
            "propagating_vgws": [],
            "route": [
              {
                "carrier_gateway_id": "",
                "cidr_block": "0.0.0.0/0",
                "core_network_arn": "",
                "destination_prefix_list_id": "",
                "egress_only_gateway_id": "",
                "gateway_id": "igw-050931e543dd6ecd5",
                "instance_id": "",
                "ipv6_cidr_block": "",
                "local_gateway_id": "",
                "nat_gateway_id": "",
                "network_interface_id": "",
                "transit_gateway_id": "",
                "vpc_endpoint_id": "",
                "vpc_peering_connection_id": ""
              }
            ],
            "tags": {
              "Name": "VPC-public"
            },
            "tags_all": {
              "Name": "VPC-public"
            },
            "timeouts": null,
            "vpc_id": "vpc-04ac84afb2f68f481"
          },
          "sensitive_attributes": [],
          "private": "eyJlMmJmYjczMC1lY2FhLTExZTYtOGY4OC0zNDM2M2JjN2M0YzAiOnsiY3JlYXRlIjozMDAwMDAwMDAwMDAsImRlbGV0ZSI6MzAwMDAwMDAwMDAwLCJ1cGRhdGUiOjEyMDAwMDAwMDAwMH19",
          "dependencies": [
            "module.vpc.aws_vpc.this",
            "module.vpc.aws_vpc_ipv4_cidr_block_association.this"
          ]
        }
      ]
    },
    {
      "module": "module.vpc",
      "mode": "managed",
      "type": "aws_route_table_association",
      "name": "private",
      "provider": "provider[\"registry.terraform.io/hashicorp/aws\"]",
      "instances": [
        {
          "index_key": 0,
          "schema_version": 0,
          "attributes": {
            "gateway_id": "",
            "id": "rtbassoc-0d33c47a2edc310c1",
            "route_table_id": "rtb-0ee8724dc0f352764",
            "subnet_id": "subnet-086ae604723f55539"
          },
          "sensitive_attributes": [],
          "private": "bnVsbA==",
          "dependencies": [
            "module.vpc.aws_route_table.private",
            "module.vpc.aws_subnet.private",
            "module.vpc.aws_vpc.this",
            "module.vpc.aws_vpc_ipv4_cidr_block_association.this"
          ]
        },
        {
          "index_key": 1,
          "schema_version": 0,
          "attributes": {
            "gateway_id": "",
            "id": "rtbassoc-03f661bb40c0a6291",
            "route_table_id": "rtb-0ee8724dc0f352764",
            "subnet_id": "subnet-0e7d91113859d569b"
          },
          "sensitive_attributes": [],
          "private": "bnVsbA==",
          "dependencies": [
            "module.vpc.aws_route_table.private",
            "module.vpc.aws_subnet.private",
            "module.vpc.aws_vpc.this",
            "module.vpc.aws_vpc_ipv4_cidr_block_association.this"
          ]
        },
        {
          "index_key": 2,
          "schema_version": 0,
          "attributes": {
            "gateway_id": "",
            "id": "rtbassoc-02ebb10a9e93993f1",
            "route_table_id": "rtb-0ee8724dc0f352764",
            "subnet_id": "subnet-0fcbc39bf1c2d1e6a"
          },
          "sensitive_attributes": [],
          "private": "bnVsbA==",
          "dependencies": [
            "module.vpc.aws_route_table.private",
            "module.vpc.aws_subnet.private",
            "module.vpc.aws_vpc.this",
            "module.vpc.aws_vpc_ipv4_cidr_block_association.this"
          ]
        },
        {
          "index_key": 3,
          "schema_version": 0,
          "attributes": {
            "gateway_id": "",
            "id": "rtbassoc-0a71203dc58bb0004",
            "route_table_id": "rtb-0ee8724dc0f352764",
            "subnet_id": "subnet-0080eacf18639996e"
          },
          "sensitive_attributes": [],
          "private": "bnVsbA==",
          "dependencies": [
            "module.vpc.aws_route_table.private",
            "module.vpc.aws_subnet.private",
            "module.vpc.aws_vpc.this",
            "module.vpc.aws_vpc_ipv4_cidr_block_association.this"
          ]
        },
        {
          "index_key": 4,
          "schema_version": 0,
          "attributes": {
            "gateway_id": "",
            "id": "rtbassoc-082979544c3b39177",
            "route_table_id": "rtb-0ee8724dc0f352764",
            "subnet_id": "subnet-042f0083f269787f7"
          },
          "sensitive_attributes": [],
          "private": "bnVsbA==",
          "dependencies": [
            "module.vpc.aws_route_table.private",
            "module.vpc.aws_subnet.private",
            "module.vpc.aws_vpc.this",
            "module.vpc.aws_vpc_ipv4_cidr_block_association.this"
          ]
        }
      ]
    },
    {
      "module": "module.vpc",
      "mode": "managed",
      "type": "aws_route_table_association",
      "name": "public",
      "provider": "provider[\"registry.terraform.io/hashicorp/aws\"]",
      "instances": [
        {
          "index_key": 0,
          "schema_version": 0,
          "attributes": {
            "gateway_id": "",
            "id": "rtbassoc-0c21924d5a4d4d256",
            "route_table_id": "rtb-0b8ddfd5bb60f2a70",
            "subnet_id": "subnet-0ece6ca523d7e6547"
          },
          "sensitive_attributes": [],
          "private": "bnVsbA==",
          "dependencies": [
            "module.vpc.aws_route_table.public",
            "module.vpc.aws_subnet.public",
            "module.vpc.aws_vpc.this",
            "module.vpc.aws_vpc_ipv4_cidr_block_association.this"
          ]
        },
        {
          "index_key": 1,
          "schema_version": 0,
          "attributes": {
            "gateway_id": "",
            "id": "rtbassoc-002736de87ace571f",
            "route_table_id": "rtb-0b8ddfd5bb60f2a70",
            "subnet_id": "subnet-06c4dd6d425608b63"
          },
          "sensitive_attributes": [],
          "private": "bnVsbA==",
          "dependencies": [
            "module.vpc.aws_route_table.public",
            "module.vpc.aws_subnet.public",
            "module.vpc.aws_vpc.this",
            "module.vpc.aws_vpc_ipv4_cidr_block_association.this"
          ]
        },
        {
          "index_key": 2,
          "schema_version": 0,
          "attributes": {
            "gateway_id": "",
            "id": "rtbassoc-088f1ba7d972921de",
            "route_table_id": "rtb-0b8ddfd5bb60f2a70",
            "subnet_id": "subnet-076cd3296174ad8fa"
          },
          "sensitive_attributes": [],
          "private": "bnVsbA==",
          "dependencies": [
            "module.vpc.aws_route_table.public",
            "module.vpc.aws_subnet.public",
            "module.vpc.aws_vpc.this",
            "module.vpc.aws_vpc_ipv4_cidr_block_association.this"
          ]
        },
        {
          "index_key": 3,
          "schema_version": 0,
          "attributes": {
            "gateway_id": "",
            "id": "rtbassoc-0f4a8c76fcbf82068",
            "route_table_id": "rtb-0b8ddfd5bb60f2a70",
            "subnet_id": "subnet-0336589ea12168471"
          },
          "sensitive_attributes": [],
          "private": "bnVsbA==",
          "dependencies": [
            "module.vpc.aws_route_table.public",
            "module.vpc.aws_subnet.public",
            "module.vpc.aws_vpc.this",
            "module.vpc.aws_vpc_ipv4_cidr_block_association.this"
          ]
        },
        {
          "index_key": 4,
          "schema_version": 0,
          "attributes": {
            "gateway_id": "",
            "id": "rtbassoc-0a3c405cbe22bd9c0",
            "route_table_id": "rtb-0b8ddfd5bb60f2a70",
            "subnet_id": "subnet-09f1a507d25dbae55"
          },
          "sensitive_attributes": [],
          "private": "bnVsbA==",
          "dependencies": [
            "module.vpc.aws_route_table.public",
            "module.vpc.aws_subnet.public",
            "module.vpc.aws_vpc.this",
            "module.vpc.aws_vpc_ipv4_cidr_block_association.this"
          ]
        }
      ]
    },
    {
      "module": "module.vpc",
      "mode": "managed",
      "type": "aws_subnet",
      "name": "private",
      "provider": "provider[\"registry.terraform.io/hashicorp/aws\"]",
      "instances": [
        {
          "index_key": 0,
          "schema_version": 1,
          "attributes": {
            "arn": "arn:aws:ec2:us-east-1:165541912265:subnet/subnet-086ae604723f55539",
            "assign_ipv6_address_on_creation": false,
            "availability_zone": "us-east-1a",
            "availability_zone_id": "use1-az6",
            "cidr_block": "172.23.0.0/22",
            "customer_owned_ipv4_pool": "",
            "enable_dns64": false,
            "enable_resource_name_dns_a_record_on_launch": false,
            "enable_resource_name_dns_aaaa_record_on_launch": false,
            "id": "subnet-086ae604723f55539",
            "ipv6_cidr_block": "",
            "ipv6_cidr_block_association_id": "",
            "ipv6_native": false,
            "map_customer_owned_ip_on_launch": false,
            "map_public_ip_on_launch": false,
            "outpost_arn": "",
            "owner_id": "165541912265",
            "private_dns_hostname_type_on_launch": "ip-name",
            "tags": {
              "Name": "caldera-test_private"
            },
            "tags_all": {
              "Name": "caldera-test_private"
            },
            "timeouts": null,
            "vpc_id": "vpc-04ac84afb2f68f481"
          },
          "sensitive_attributes": [],
          "private": "eyJlMmJmYjczMC1lY2FhLTExZTYtOGY4OC0zNDM2M2JjN2M0YzAiOnsiY3JlYXRlIjo2MDAwMDAwMDAwMDAsImRlbGV0ZSI6MTIwMDAwMDAwMDAwMH0sInNjaGVtYV92ZXJzaW9uIjoiMSJ9",
          "dependencies": [
            "module.vpc.aws_vpc.this",
            "module.vpc.aws_vpc_ipv4_cidr_block_association.this"
          ]
        },
        {
          "index_key": 1,
          "schema_version": 1,
          "attributes": {
            "arn": "arn:aws:ec2:us-east-1:165541912265:subnet/subnet-0e7d91113859d569b",
            "assign_ipv6_address_on_creation": false,
            "availability_zone": "us-east-1b",
            "availability_zone_id": "use1-az1",
            "cidr_block": "172.23.32.0/22",
            "customer_owned_ipv4_pool": "",
            "enable_dns64": false,
            "enable_resource_name_dns_a_record_on_launch": false,
            "enable_resource_name_dns_aaaa_record_on_launch": false,
            "id": "subnet-0e7d91113859d569b",
            "ipv6_cidr_block": "",
            "ipv6_cidr_block_association_id": "",
            "ipv6_native": false,
            "map_customer_owned_ip_on_launch": false,
            "map_public_ip_on_launch": false,
            "outpost_arn": "",
            "owner_id": "165541912265",
            "private_dns_hostname_type_on_launch": "ip-name",
            "tags": {
              "Name": "caldera-test_private"
            },
            "tags_all": {
              "Name": "caldera-test_private"
            },
            "timeouts": null,
            "vpc_id": "vpc-04ac84afb2f68f481"
          },
          "sensitive_attributes": [],
          "private": "eyJlMmJmYjczMC1lY2FhLTExZTYtOGY4OC0zNDM2M2JjN2M0YzAiOnsiY3JlYXRlIjo2MDAwMDAwMDAwMDAsImRlbGV0ZSI6MTIwMDAwMDAwMDAwMH0sInNjaGVtYV92ZXJzaW9uIjoiMSJ9",
          "dependencies": [
            "module.vpc.aws_vpc.this",
            "module.vpc.aws_vpc_ipv4_cidr_block_association.this"
          ]
        },
        {
          "index_key": 2,
          "schema_version": 1,
          "attributes": {
            "arn": "arn:aws:ec2:us-east-1:165541912265:subnet/subnet-0fcbc39bf1c2d1e6a",
            "assign_ipv6_address_on_creation": false,
            "availability_zone": "us-east-1c",
            "availability_zone_id": "use1-az2",
            "cidr_block": "172.23.64.0/22",
            "customer_owned_ipv4_pool": "",
            "enable_dns64": false,
            "enable_resource_name_dns_a_record_on_launch": false,
            "enable_resource_name_dns_aaaa_record_on_launch": false,
            "id": "subnet-0fcbc39bf1c2d1e6a",
            "ipv6_cidr_block": "",
            "ipv6_cidr_block_association_id": "",
            "ipv6_native": false,
            "map_customer_owned_ip_on_launch": false,
            "map_public_ip_on_launch": false,
            "outpost_arn": "",
            "owner_id": "165541912265",
            "private_dns_hostname_type_on_launch": "ip-name",
            "tags": {
              "Name": "caldera-test_private"
            },
            "tags_all": {
              "Name": "caldera-test_private"
            },
            "timeouts": null,
            "vpc_id": "vpc-04ac84afb2f68f481"
          },
          "sensitive_attributes": [],
          "private": "eyJlMmJmYjczMC1lY2FhLTExZTYtOGY4OC0zNDM2M2JjN2M0YzAiOnsiY3JlYXRlIjo2MDAwMDAwMDAwMDAsImRlbGV0ZSI6MTIwMDAwMDAwMDAwMH0sInNjaGVtYV92ZXJzaW9uIjoiMSJ9",
          "dependencies": [
            "module.vpc.aws_vpc.this",
            "module.vpc.aws_vpc_ipv4_cidr_block_association.this"
          ]
        },
        {
          "index_key": 3,
          "schema_version": 1,
          "attributes": {
            "arn": "arn:aws:ec2:us-east-1:165541912265:subnet/subnet-0080eacf18639996e",
            "assign_ipv6_address_on_creation": false,
            "availability_zone": "us-east-1d",
            "availability_zone_id": "use1-az4",
            "cidr_block": "172.23.96.0/22",
            "customer_owned_ipv4_pool": "",
            "enable_dns64": false,
            "enable_resource_name_dns_a_record_on_launch": false,
            "enable_resource_name_dns_aaaa_record_on_launch": false,
            "id": "subnet-0080eacf18639996e",
            "ipv6_cidr_block": "",
            "ipv6_cidr_block_association_id": "",
            "ipv6_native": false,
            "map_customer_owned_ip_on_launch": false,
            "map_public_ip_on_launch": false,
            "outpost_arn": "",
            "owner_id": "165541912265",
            "private_dns_hostname_type_on_launch": "ip-name",
            "tags": {
              "Name": "caldera-test_private"
            },
            "tags_all": {
              "Name": "caldera-test_private"
            },
            "timeouts": null,
            "vpc_id": "vpc-04ac84afb2f68f481"
          },
          "sensitive_attributes": [],
          "private": "eyJlMmJmYjczMC1lY2FhLTExZTYtOGY4OC0zNDM2M2JjN2M0YzAiOnsiY3JlYXRlIjo2MDAwMDAwMDAwMDAsImRlbGV0ZSI6MTIwMDAwMDAwMDAwMH0sInNjaGVtYV92ZXJzaW9uIjoiMSJ9",
          "dependencies": [
            "module.vpc.aws_vpc.this",
            "module.vpc.aws_vpc_ipv4_cidr_block_association.this"
          ]
        },
        {
          "index_key": 4,
          "schema_version": 1,
          "attributes": {
            "arn": "arn:aws:ec2:us-east-1:165541912265:subnet/subnet-042f0083f269787f7",
            "assign_ipv6_address_on_creation": false,
            "availability_zone": "us-east-1f",
            "availability_zone_id": "use1-az5",
            "cidr_block": "172.23.160.0/22",
            "customer_owned_ipv4_pool": "",
            "enable_dns64": false,
            "enable_resource_name_dns_a_record_on_launch": false,
            "enable_resource_name_dns_aaaa_record_on_launch": false,
            "id": "subnet-042f0083f269787f7",
            "ipv6_cidr_block": "",
            "ipv6_cidr_block_association_id": "",
            "ipv6_native": false,
            "map_customer_owned_ip_on_launch": false,
            "map_public_ip_on_launch": false,
            "outpost_arn": "",
            "owner_id": "165541912265",
            "private_dns_hostname_type_on_launch": "ip-name",
            "tags": {
              "Name": "caldera-test_private"
            },
            "tags_all": {
              "Name": "caldera-test_private"
            },
            "timeouts": null,
            "vpc_id": "vpc-04ac84afb2f68f481"
          },
          "sensitive_attributes": [],
          "private": "eyJlMmJmYjczMC1lY2FhLTExZTYtOGY4OC0zNDM2M2JjN2M0YzAiOnsiY3JlYXRlIjo2MDAwMDAwMDAwMDAsImRlbGV0ZSI6MTIwMDAwMDAwMDAwMH0sInNjaGVtYV92ZXJzaW9uIjoiMSJ9",
          "dependencies": [
            "module.vpc.aws_vpc.this",
            "module.vpc.aws_vpc_ipv4_cidr_block_association.this"
          ]
        }
      ]
    },
    {
      "module": "module.vpc",
      "mode": "managed",
      "type": "aws_subnet",
      "name": "public",
      "provider": "provider[\"registry.terraform.io/hashicorp/aws\"]",
      "instances": [
        {
          "index_key": 0,
          "schema_version": 1,
          "attributes": {
            "arn": "arn:aws:ec2:us-east-1:165541912265:subnet/subnet-0ece6ca523d7e6547",
            "assign_ipv6_address_on_creation": false,
            "availability_zone": "us-east-1a",
            "availability_zone_id": "use1-az6",
            "cidr_block": "172.23.4.0/22",
            "customer_owned_ipv4_pool": "",
            "enable_dns64": false,
            "enable_resource_name_dns_a_record_on_launch": false,
            "enable_resource_name_dns_aaaa_record_on_launch": false,
            "id": "subnet-0ece6ca523d7e6547",
            "ipv6_cidr_block": "",
            "ipv6_cidr_block_association_id": "",
            "ipv6_native": false,
            "map_customer_owned_ip_on_launch": false,
            "map_public_ip_on_launch": true,
            "outpost_arn": "",
            "owner_id": "165541912265",
            "private_dns_hostname_type_on_launch": "ip-name",
            "tags": {
              "Name": "caldera-test_public"
            },
            "tags_all": {
              "Name": "caldera-test_public"
            },
            "timeouts": null,
            "vpc_id": "vpc-04ac84afb2f68f481"
          },
          "sensitive_attributes": [],
          "private": "eyJlMmJmYjczMC1lY2FhLTExZTYtOGY4OC0zNDM2M2JjN2M0YzAiOnsiY3JlYXRlIjo2MDAwMDAwMDAwMDAsImRlbGV0ZSI6MTIwMDAwMDAwMDAwMH0sInNjaGVtYV92ZXJzaW9uIjoiMSJ9",
          "dependencies": [
            "module.vpc.aws_vpc.this",
            "module.vpc.aws_vpc_ipv4_cidr_block_association.this"
          ]
        },
        {
          "index_key": 1,
          "schema_version": 1,
          "attributes": {
            "arn": "arn:aws:ec2:us-east-1:165541912265:subnet/subnet-06c4dd6d425608b63",
            "assign_ipv6_address_on_creation": false,
            "availability_zone": "us-east-1b",
            "availability_zone_id": "use1-az1",
            "cidr_block": "172.23.36.0/22",
            "customer_owned_ipv4_pool": "",
            "enable_dns64": false,
            "enable_resource_name_dns_a_record_on_launch": false,
            "enable_resource_name_dns_aaaa_record_on_launch": false,
            "id": "subnet-06c4dd6d425608b63",
            "ipv6_cidr_block": "",
            "ipv6_cidr_block_association_id": "",
            "ipv6_native": false,
            "map_customer_owned_ip_on_launch": false,
            "map_public_ip_on_launch": true,
            "outpost_arn": "",
            "owner_id": "165541912265",
            "private_dns_hostname_type_on_launch": "ip-name",
            "tags": {
              "Name": "caldera-test_public"
            },
            "tags_all": {
              "Name": "caldera-test_public"
            },
            "timeouts": null,
            "vpc_id": "vpc-04ac84afb2f68f481"
          },
          "sensitive_attributes": [],
          "private": "eyJlMmJmYjczMC1lY2FhLTExZTYtOGY4OC0zNDM2M2JjN2M0YzAiOnsiY3JlYXRlIjo2MDAwMDAwMDAwMDAsImRlbGV0ZSI6MTIwMDAwMDAwMDAwMH0sInNjaGVtYV92ZXJzaW9uIjoiMSJ9",
          "dependencies": [
            "module.vpc.aws_vpc.this",
            "module.vpc.aws_vpc_ipv4_cidr_block_association.this"
          ]
        },
        {
          "index_key": 2,
          "schema_version": 1,
          "attributes": {
            "arn": "arn:aws:ec2:us-east-1:165541912265:subnet/subnet-076cd3296174ad8fa",
            "assign_ipv6_address_on_creation": false,
            "availability_zone": "us-east-1c",
            "availability_zone_id": "use1-az2",
            "cidr_block": "172.23.68.0/22",
            "customer_owned_ipv4_pool": "",
            "enable_dns64": false,
            "enable_resource_name_dns_a_record_on_launch": false,
            "enable_resource_name_dns_aaaa_record_on_launch": false,
            "id": "subnet-076cd3296174ad8fa",
            "ipv6_cidr_block": "",
            "ipv6_cidr_block_association_id": "",
            "ipv6_native": false,
            "map_customer_owned_ip_on_launch": false,
            "map_public_ip_on_launch": true,
            "outpost_arn": "",
            "owner_id": "165541912265",
            "private_dns_hostname_type_on_launch": "ip-name",
            "tags": {
              "Name": "caldera-test_public"
            },
            "tags_all": {
              "Name": "caldera-test_public"
            },
            "timeouts": null,
            "vpc_id": "vpc-04ac84afb2f68f481"
          },
          "sensitive_attributes": [],
          "private": "eyJlMmJmYjczMC1lY2FhLTExZTYtOGY4OC0zNDM2M2JjN2M0YzAiOnsiY3JlYXRlIjo2MDAwMDAwMDAwMDAsImRlbGV0ZSI6MTIwMDAwMDAwMDAwMH0sInNjaGVtYV92ZXJzaW9uIjoiMSJ9",
          "dependencies": [
            "module.vpc.aws_vpc.this",
            "module.vpc.aws_vpc_ipv4_cidr_block_association.this"
          ]
        },
        {
          "index_key": 3,
          "schema_version": 1,
          "attributes": {
            "arn": "arn:aws:ec2:us-east-1:165541912265:subnet/subnet-0336589ea12168471",
            "assign_ipv6_address_on_creation": false,
            "availability_zone": "us-east-1d",
            "availability_zone_id": "use1-az4",
            "cidr_block": "172.23.100.0/22",
            "customer_owned_ipv4_pool": "",
            "enable_dns64": false,
            "enable_resource_name_dns_a_record_on_launch": false,
            "enable_resource_name_dns_aaaa_record_on_launch": false,
            "id": "subnet-0336589ea12168471",
            "ipv6_cidr_block": "",
            "ipv6_cidr_block_association_id": "",
            "ipv6_native": false,
            "map_customer_owned_ip_on_launch": false,
            "map_public_ip_on_launch": true,
            "outpost_arn": "",
            "owner_id": "165541912265",
            "private_dns_hostname_type_on_launch": "ip-name",
            "tags": {
              "Name": "caldera-test_public"
            },
            "tags_all": {
              "Name": "caldera-test_public"
            },
            "timeouts": null,
            "vpc_id": "vpc-04ac84afb2f68f481"
          },
          "sensitive_attributes": [],
          "private": "eyJlMmJmYjczMC1lY2FhLTExZTYtOGY4OC0zNDM2M2JjN2M0YzAiOnsiY3JlYXRlIjo2MDAwMDAwMDAwMDAsImRlbGV0ZSI6MTIwMDAwMDAwMDAwMH0sInNjaGVtYV92ZXJzaW9uIjoiMSJ9",
          "dependencies": [
            "module.vpc.aws_vpc.this",
            "module.vpc.aws_vpc_ipv4_cidr_block_association.this"
          ]
        },
        {
          "index_key": 4,
          "schema_version": 1,
          "attributes": {
            "arn": "arn:aws:ec2:us-east-1:165541912265:subnet/subnet-09f1a507d25dbae55",
            "assign_ipv6_address_on_creation": false,
            "availability_zone": "us-east-1f",
            "availability_zone_id": "use1-az5",
            "cidr_block": "172.23.164.0/22",
            "customer_owned_ipv4_pool": "",
            "enable_dns64": false,
            "enable_resource_name_dns_a_record_on_launch": false,
            "enable_resource_name_dns_aaaa_record_on_launch": false,
            "id": "subnet-09f1a507d25dbae55",
            "ipv6_cidr_block": "",
            "ipv6_cidr_block_association_id": "",
            "ipv6_native": false,
            "map_customer_owned_ip_on_launch": false,
            "map_public_ip_on_launch": true,
            "outpost_arn": "",
            "owner_id": "165541912265",
            "private_dns_hostname_type_on_launch": "ip-name",
            "tags": {
              "Name": "caldera-test_public"
            },
            "tags_all": {
              "Name": "caldera-test_public"
            },
            "timeouts": null,
            "vpc_id": "vpc-04ac84afb2f68f481"
          },
          "sensitive_attributes": [],
          "private": "eyJlMmJmYjczMC1lY2FhLTExZTYtOGY4OC0zNDM2M2JjN2M0YzAiOnsiY3JlYXRlIjo2MDAwMDAwMDAwMDAsImRlbGV0ZSI6MTIwMDAwMDAwMDAwMH0sInNjaGVtYV92ZXJzaW9uIjoiMSJ9",
          "dependencies": [
            "module.vpc.aws_vpc.this",
            "module.vpc.aws_vpc_ipv4_cidr_block_association.this"
          ]
        }
      ]
    },
    {
      "module": "module.vpc",
      "mode": "managed",
      "type": "aws_vpc",
      "name": "this",
      "provider": "provider[\"registry.terraform.io/hashicorp/aws\"]",
      "instances": [
        {
          "index_key": 0,
          "schema_version": 1,
          "attributes": {
            "arn": "arn:aws:ec2:us-east-1:165541912265:vpc/vpc-04ac84afb2f68f481",
            "assign_generated_ipv6_cidr_block": false,
            "cidr_block": "172.23.0.0/16",
            "default_network_acl_id": "acl-0eba4947d709a5684",
            "default_route_table_id": "rtb-0d8d203dcaafa135f",
            "default_security_group_id": "sg-068ddefc62fa09111",
            "dhcp_options_id": "dopt-08a637bad951155f4",
            "enable_classiclink": false,
            "enable_classiclink_dns_support": false,
            "enable_dns_hostnames": true,
            "enable_dns_support": true,
            "id": "vpc-04ac84afb2f68f481",
            "instance_tenancy": "default",
            "ipv4_ipam_pool_id": null,
            "ipv4_netmask_length": null,
            "ipv6_association_id": "",
            "ipv6_cidr_block": "",
            "ipv6_cidr_block_network_border_group": "",
            "ipv6_ipam_pool_id": "",
            "ipv6_netmask_length": 0,
            "main_route_table_id": "rtb-0d8d203dcaafa135f",
            "owner_id": "165541912265",
            "tags": {
              "Name": "VPC"
            },
            "tags_all": {
              "Name": "VPC"
            }
          },
          "sensitive_attributes": [],
          "private": "eyJzY2hlbWFfdmVyc2lvbiI6IjEifQ=="
        }
      ]
    }
  ]
}
