{
  "version": 4,
  "terraform_version": "1.2.4",
  "serial": 33,
  "lineage": "78042e21-8770-1454-063d-d6374d548526",
  "outputs": {
    "caldera_server_id": {
      "value": "i-01d19d23d73b4f85e",
      "type": "string"
    },
    "caldera_server_ip": {
      "value": "35.153.139.6",
      "type": "string"
    },
    "rsa_private_key": {
      "value": "-----BEGIN RSA PRIVATE KEY-----\nMIIJKAIBAAKCAgEAtay5qWulOSVkmYdzalWQCUMpE0wUNgcXll/xwOUlWqFedD5I\nwkJ4W7s3lGmk2jWuD7xy+as8pqNlO7rAixeg8mhoO7t239Wsbg+KpowRmG2p92DG\nGt1J3TstRhd47vitQuUIdcQicUz6e9gccBtkE8UH+z8V2VXkNGwTxbv9S0sNXVrB\n5qdR8zTzNjFL96LK6z2k63+lbcf/193NEQXS6vGffd3xMEIBeUXXiH4M1t3gJUD5\nrLJVRkP+52A5lYWzoZsMPQhzM5s7eXwP70EXKpM6bV4Gd5BMBJit/NyJxmMRjx7b\nrM0wfc9816RrswBzSc0VhXVtfpmhERWCxpeyw7y27mBk3Ubar7WLCT3QgQX1medz\nz+6XUAlw0xXpns1mUXWrFUJT27I5GmbMb0IzjjPP2BRkWj8zkBLMjK7ml0YkVcmX\nQ7upyAsjsEz5fgWndRzEBCfT8d1y+lsEei8OSgXVgEy4d9MZjNeugCOyJSEyg/R6\numhhXbLwtxCpGIZyI7wOJieAYtI32jlN9oVMTgM7tLuAR55Y5GtIZ2aNNsawKlS8\nstWM5ctVL2z0mHMzUj5NLL3qqF97CYFkqQg6oHmldaWyCbqGpyTfOAlVueU++DXn\nxKls0FBiteMncNMrfOeaWE+tNoh7ewiCm2MLjP+oGEsyxI+jq5GlMrRFmH0CAwEA\nAQKCAgBmBMKVku9LMeZWGKwFMFsb+Gzee0B2PnFObj5RtdvOEwP5fuhYvf7cdDt3\nygNazf4atBZUgYYjhWnZqrto4DHvLhYqRNEyTMjxXSTc9ZcD48EoO13DxDQwWYTI\n8XFlsJuLDxY7G5LD0Rhv5yHBCoCeYWxj+D8KtqLZlT9dMH3ChDjTDZ4JKjhovHk/\nG1uviektRIaSADIjfcX7sH/xaTXR3TFU+wbvtIEjWsb3zODk3994zA3onpQoSxKf\nV3e+sT/4JhsvQsl+V1OEmthP4Ftj+x06QSycg5lMk3hQoH91ujgoCIoPdYIfhB50\n8c3QzRXwgYvuT8zW5Op/r3aqkpE9SrXsWrlPcB3wvkYBeWB4c2N8rqUx55JS6EnI\ne7uRHWVou6AmuybkQkdXZLoql6CwzAxJkEohshAQ5Wj0BWzlkiGXiXI1W5vo5LDv\n6oOHSk5Zwj4jGqYW4fo3TbE72J0gSIYUpuqafu89f+Ydv2ovEO6AlUZp0D6nVXZ6\nKqiYo3KWEahTLCPFvY1cJdIy3Bmg63wQC3GAAmvqmyI0ydxDyBkBtptWawL4BnXG\nUGUNWIZoX8Ct8iwwCFhEpe22Y/sMXp/ewzNrcNX9fUQhu++R+3UedwZjI4IbLq53\nZhdcA9hQbGaLAR1AvLSdpYgrvsSBn58pMTuYQutNX1qgAOwz+QKCAQEAySNa167Z\nuqs8kC4QJF/kjqEf/Ox5nOW8UTPZ96vlbZVIS5xqburBAAebnnDF7wnjt7Romn89\nsLNdPr0/csaUf7e7x8SLbiSGIExQ39ykpID5BI5E6d8OcQv58j28ZBAkn9XFFRnw\nidS5KXjnAGEBc2LI41SKonPPB/kizWubgWfVltKy00cd055qnIEl0VRS9vFSDRSM\nmeEyIibo+RXOw00BUDQ4b/d8PR2YcOCHKZvjUoC4nWHg8eOFicUrIyE3tCa823fS\nSb5kRBwiBXU8zblEihyc62tMaTtHKypM9t6O9/oeeDQDTyeiTVGqk9e1FFloKcUp\n0ClzDmosmi5UIwKCAQEA5zpSUpgy3gWRXKjIaSE+J90J69nnHOUa1OD3PktvjIp4\nxn6sMa7PFquwa9SbDWI6+QEPejQCG6gQgqj3hMTEYp+Qih+iqBSpbztXnIB2ZQxb\nZYVw8C25K96YvE1N4jESnok0URkLTZjwAwyWVLhPPpXxRVPFBQRVqxuH9M+yjcoe\nCPlABGqPw4xG7LzW1hQFTrqT0q3t018iU/LuEsBA5zy/7U5jHn8Bnu1cwrVh3tEC\njqJ361GhGJXvvpDzgvO0W/Ro/ts4EJi/nudnbevT5byH3DrweCvms9kT83j1bUc1\nqa6dih6MdSelEujPe6Ew+IhSKgxccfYQ3zf3tLJa3wKCAQEAtgYd1uSwu+LtexmE\nmDaD06PzG+QxppCtnNsM3buddE9Nzsdt9pTSNqGr7nXmWo4bm4tTwsV14axgrT98\n5PTbPL3c3Ut8VyAMlbwa0IyQHyNst/e8W9315s5M0zGVhQSq8E73/UGtUj7FlseI\nXepr8q0qWbiPgbbGXFPVcAt6/mAmhkiFdvh8AJ/zoVCrFcZ3Em2PsLCxES0gPpHx\n8kEPDeVpU9j+Xi2dLH3VEAnRqBEgZvCAokUK2jzqA6UAhdkw3QLVlNPZ5cy8VnsT\nOtc/QHnykf6U7+P5kZ4IqQKuBhehUL70xhlkCUU39zr54LOsdw72Wh7I2U45hokF\ndj6I+wKCAQBd89ehUdBRYEfJM5eDCAveXLT8TSTYG8tENkif2jzwCQ+775p98X6Z\nwpdDqTZ7QK+fn6uvRtSYcjiLLqasHtuBCz7KsMIBs6uI077si1IQCu5UGN1j6eA0\nkBTVZj/AKZpcKnnEff2WwQ683m9y6xTf5EMNnVUPjcxVYzFh6satUDPWB5jYcogJ\nt8TVyoEsqSPi8nLABwX8fcpP/AR6P/3fN1Lw1In3yTlaXy3yu4qR47E7TY6WYiun\n9rxcXT9ktStStcO30lE8hSRPJ81h35HQ5kL53ET7PzNVXl357usiRO3sDVRb27/M\nlpg/T7OGk193jMR961ngwE/oszAGDvZXAoIBAGooLNwnikV+fLy+RjWnM+BnWf4B\nKmw4YpRSre8M+6Ddlvmc2YMBDhDDGkr619OgDOOnx/DQ0j7/vsmv0T4B4o64uBWf\nBIyCoV3es+1zVExVZffqPuiQCqHvPOe+ifyPCzkEtqwqvHl0wuaSOJEC80rVRYTF\nQTOtF5gaS0vYEoKs8DRJubd3pq6g0un49rn8G5RC72m4iMgTLsnzIxEmVd1Qwlpz\nwFJpUgua4yGXvT1yrqQ50fegWvRskH2qnUDbvIx1nerw5Gl7i0zra15MoPNKvRAg\nWUzOWPZtJKjCj5c1+0cPtPTC7/VA+LdEuSnWAEzYcKIv5GfqnppHMo/kVVQ=\n-----END RSA PRIVATE KEY-----\n",
      "type": "string"
    }
  },
  "resources": [
    {
      "mode": "managed",
      "type": "aws_instance",
      "name": "caldera_server",
      "provider": "provider[\"registry.terraform.io/hashicorp/aws\"]",
      "instances": [
        {
          "schema_version": 1,
          "attributes": {
            "ami": "ami-09d56f8956ab235b3",
            "arn": "arn:aws:ec2:us-east-1:512464434852:instance/i-01d19d23d73b4f85e",
            "associate_public_ip_address": true,
            "availability_zone": "us-east-1a",
            "capacity_reservation_specification": [
              {
                "capacity_reservation_preference": "open",
                "capacity_reservation_target": []
              }
            ],
            "cpu_core_count": 1,
            "cpu_threads_per_core": 2,
            "credit_specification": [
              {
                "cpu_credits": "unlimited"
              }
            ],
            "disable_api_stop": false,
            "disable_api_termination": false,
            "ebs_block_device": [],
            "ebs_optimized": false,
            "enclave_options": [
              {
                "enabled": false
              }
            ],
            "ephemeral_block_device": [],
            "get_password_data": false,
            "hibernation": false,
            "host_id": null,
            "iam_instance_profile": "",
            "id": "i-01d19d23d73b4f85e",
            "instance_initiated_shutdown_behavior": "stop",
            "instance_state": "running",
            "instance_type": "t3.medium",
            "ipv6_address_count": 0,
            "ipv6_addresses": [],
            "key_name": "caldera-nodes",
            "launch_template": [],
            "maintenance_options": [
              {
                "auto_recovery": "default"
              }
            ],
            "metadata_options": [
              {
                "http_endpoint": "enabled",
                "http_put_response_hop_limit": 1,
                "http_tokens": "optional",
                "instance_metadata_tags": "disabled"
              }
            ],
            "monitoring": false,
            "network_interface": [],
            "outpost_arn": "",
            "password_data": "",
            "placement_group": "",
            "placement_partition_number": null,
            "primary_network_interface_id": "eni-09e6b5f5631bc0adc",
            "private_dns": "ip-172-23-4-95.ec2.internal",
            "private_dns_name_options": [
              {
                "enable_resource_name_dns_a_record": false,
                "enable_resource_name_dns_aaaa_record": false,
                "hostname_type": "ip-name"
              }
            ],
            "private_ip": "172.23.4.95",
            "public_dns": "ec2-35-153-139-6.compute-1.amazonaws.com",
            "public_ip": "35.153.139.6",
            "root_block_device": [
              {
                "delete_on_termination": true,
                "device_name": "/dev/sda1",
                "encrypted": false,
                "iops": 100,
                "kms_key_id": "",
                "tags": {},
                "throughput": 0,
                "volume_id": "vol-07fe262a584f38834",
                "volume_size": 8,
                "volume_type": "gp2"
              }
            ],
            "secondary_private_ips": [],
            "security_groups": [],
            "source_dest_check": true,
            "subnet_id": "subnet-006e0e0d9f693ed52",
            "tags": {
              "Name": "caldera_server",
              "environment": "caldera-test"
            },
            "tags_all": {
              "Name": "caldera_server",
              "environment": "caldera-test"
            },
            "tenancy": "default",
            "timeouts": null,
            "user_data": null,
            "user_data_base64": null,
            "user_data_replace_on_change": false,
            "volume_tags": null,
            "vpc_security_group_ids": [
              "sg-02020af082b7040a0"
            ]
          },
          "sensitive_attributes": [],
          "private": "eyJlMmJmYjczMC1lY2FhLTExZTYtOGY4OC0zNDM2M2JjN2M0YzAiOnsiY3JlYXRlIjo2MDAwMDAwMDAwMDAsImRlbGV0ZSI6MTIwMDAwMDAwMDAwMCwidXBkYXRlIjo2MDAwMDAwMDAwMDB9LCJzY2hlbWFfdmVyc2lvbiI6IjEifQ==",
          "dependencies": [
            "aws_security_group.sg_caldera_server",
            "module.aws_rsa_key.aws_key_pair.worker",
            "module.aws_rsa_key.local_file.ssh_local",
            "module.aws_rsa_key.tls_private_key.ssh_key",
            "module.vpc.aws_cloudwatch_log_group.flow_log",
            "module.vpc.aws_customer_gateway.this",
            "module.vpc.aws_db_subnet_group.database",
            "module.vpc.aws_default_network_acl.this",
            "module.vpc.aws_default_route_table.default",
            "module.vpc.aws_default_security_group.this",
            "module.vpc.aws_default_vpc.this",
            "module.vpc.aws_egress_only_internet_gateway.this",
            "module.vpc.aws_eip.nat",
            "module.vpc.aws_elasticache_subnet_group.elasticache",
            "module.vpc.aws_flow_log.this",
            "module.vpc.aws_iam_policy.vpc_flow_log_cloudwatch",
            "module.vpc.aws_iam_role.vpc_flow_log_cloudwatch",
            "module.vpc.aws_iam_role_policy_attachment.vpc_flow_log_cloudwatch",
            "module.vpc.aws_internet_gateway.this",
            "module.vpc.aws_nat_gateway.this",
            "module.vpc.aws_network_acl.database",
            "module.vpc.aws_network_acl.elasticache",
            "module.vpc.aws_network_acl.intra",
            "module.vpc.aws_network_acl.outpost",
            "module.vpc.aws_network_acl.private",
            "module.vpc.aws_network_acl.public",
            "module.vpc.aws_network_acl.redshift",
            "module.vpc.aws_network_acl_rule.database_inbound",
            "module.vpc.aws_network_acl_rule.database_outbound",
            "module.vpc.aws_network_acl_rule.elasticache_inbound",
            "module.vpc.aws_network_acl_rule.elasticache_outbound",
            "module.vpc.aws_network_acl_rule.intra_inbound",
            "module.vpc.aws_network_acl_rule.intra_outbound",
            "module.vpc.aws_network_acl_rule.outpost_inbound",
            "module.vpc.aws_network_acl_rule.outpost_outbound",
            "module.vpc.aws_network_acl_rule.private_inbound",
            "module.vpc.aws_network_acl_rule.private_outbound",
            "module.vpc.aws_network_acl_rule.public_inbound",
            "module.vpc.aws_network_acl_rule.public_outbound",
            "module.vpc.aws_network_acl_rule.redshift_inbound",
            "module.vpc.aws_network_acl_rule.redshift_outbound",
            "module.vpc.aws_redshift_subnet_group.redshift",
            "module.vpc.aws_route.database_internet_gateway",
            "module.vpc.aws_route.database_ipv6_egress",
            "module.vpc.aws_route.database_nat_gateway",
            "module.vpc.aws_route.private_ipv6_egress",
            "module.vpc.aws_route.private_nat_gateway",
            "module.vpc.aws_route.public_internet_gateway",
            "module.vpc.aws_route.public_internet_gateway_ipv6",
            "module.vpc.aws_route_table.database",
            "module.vpc.aws_route_table.elasticache",
            "module.vpc.aws_route_table.intra",
            "module.vpc.aws_route_table.private",
            "module.vpc.aws_route_table.public",
            "module.vpc.aws_route_table.redshift",
            "module.vpc.aws_route_table_association.database",
            "module.vpc.aws_route_table_association.elasticache",
            "module.vpc.aws_route_table_association.intra",
            "module.vpc.aws_route_table_association.outpost",
            "module.vpc.aws_route_table_association.private",
            "module.vpc.aws_route_table_association.public",
            "module.vpc.aws_route_table_association.redshift",
            "module.vpc.aws_route_table_association.redshift_public",
            "module.vpc.aws_subnet.database",
            "module.vpc.aws_subnet.elasticache",
            "module.vpc.aws_subnet.intra",
            "module.vpc.aws_subnet.outpost",
            "module.vpc.aws_subnet.private",
            "module.vpc.aws_subnet.public",
            "module.vpc.aws_subnet.redshift",
            "module.vpc.aws_vpc.this",
            "module.vpc.aws_vpc_dhcp_options.this",
            "module.vpc.aws_vpc_dhcp_options_association.this",
            "module.vpc.aws_vpc_ipv4_cidr_block_association.this",
            "module.vpc.aws_vpn_gateway.this",
            "module.vpc.aws_vpn_gateway_attachment.this",
            "module.vpc.aws_vpn_gateway_route_propagation.intra",
            "module.vpc.aws_vpn_gateway_route_propagation.private",
            "module.vpc.aws_vpn_gateway_route_propagation.public",
            "module.vpc.data.aws_iam_policy_document.flow_log_cloudwatch_assume_role",
            "module.vpc.data.aws_iam_policy_document.vpc_flow_log_cloudwatch"
          ]
        }
      ]
    },
    {
      "mode": "managed",
      "type": "aws_security_group",
      "name": "sg_caldera_server",
      "provider": "provider[\"registry.terraform.io/hashicorp/aws\"]",
      "instances": [
        {
          "schema_version": 1,
          "attributes": {
            "arn": "arn:aws:ec2:us-east-1:512464434852:security-group/sg-02020af082b7040a0",
            "description": "Allow ports for caldera server",
            "egress": [
              {
                "cidr_blocks": [
                  "0.0.0.0/0"
                ],
                "description": "",
                "from_port": 0,
                "ipv6_cidr_blocks": [],
                "prefix_list_ids": [],
                "protocol": "-1",
                "security_groups": [],
                "self": false,
                "to_port": 0
              }
            ],
            "id": "sg-02020af082b7040a0",
            "ingress": [
              {
                "cidr_blocks": [
                  "0.0.0.0/0"
                ],
                "description": "Caldera server port",
                "from_port": 2288,
                "ipv6_cidr_blocks": [],
                "prefix_list_ids": [],
                "protocol": "tcp",
                "security_groups": [],
                "self": false,
                "to_port": 2288
              },
              {
                "cidr_blocks": [
                  "0.0.0.0/0"
                ],
                "description": "SSH from VPC",
                "from_port": 22,
                "ipv6_cidr_blocks": [],
                "prefix_list_ids": [],
                "protocol": "tcp",
                "security_groups": [],
                "self": false,
                "to_port": 22
              }
            ],
            "name": "sg_caldera_server",
            "name_prefix": "",
            "owner_id": "512464434852",
            "revoke_rules_on_delete": false,
            "tags": {
              "environment": "caldera-test"
            },
            "tags_all": {
              "environment": "caldera-test"
            },
            "timeouts": null,
            "vpc_id": "vpc-0af5bee231f872c12"
          },
          "sensitive_attributes": [],
          "private": "eyJlMmJmYjczMC1lY2FhLTExZTYtOGY4OC0zNDM2M2JjN2M0YzAiOnsiY3JlYXRlIjo2MDAwMDAwMDAwMDAsImRlbGV0ZSI6OTAwMDAwMDAwMDAwfSwic2NoZW1hX3ZlcnNpb24iOiIxIn0=",
          "dependencies": [
            "module.vpc.aws_vpc.this"
          ]
        }
      ]
    },
    {
      "module": "module.aws_rsa_key",
      "mode": "managed",
      "type": "aws_key_pair",
      "name": "worker",
      "provider": "provider[\"registry.terraform.io/hashicorp/aws\"]",
      "instances": [
        {
          "schema_version": 1,
          "attributes": {
            "arn": "arn:aws:ec2:us-east-1:512464434852:key-pair/caldera-nodes",
            "fingerprint": "23:02:a7:9d:d6:5b:dc:b8:e7:e3:68:54:8a:51:69:07",
            "id": "caldera-nodes",
            "key_name": "caldera-nodes",
            "key_name_prefix": "",
            "key_pair_id": "key-0e2135dc6275964a0",
            "key_type": "rsa",
            "public_key": "ssh-rsa AAAAB3NzaC1yc2EAAAADAQABAAACAQC1rLmpa6U5JWSZh3NqVZAJQykTTBQ2BxeWX/HA5SVaoV50PkjCQnhbuzeUaaTaNa4PvHL5qzymo2U7usCLF6DyaGg7u3bf1axuD4qmjBGYban3YMYa3UndOy1GF3ju+K1C5Qh1xCJxTPp72BxwG2QTxQf7PxXZVeQ0bBPFu/1LSw1dWsHmp1HzNPM2MUv3osrrPaTrf6Vtx//X3c0RBdLq8Z993fEwQgF5RdeIfgzW3eAlQPmsslVGQ/7nYDmVhbOhmww9CHMzmzt5fA/vQRcqkzptXgZ3kEwEmK383InGYxGPHtuszTB9z3zXpGuzAHNJzRWFdW1+maERFYLGl7LDvLbuYGTdRtqvtYsJPdCBBfWZ53PP7pdQCXDTFemezWZRdasVQlPbsjkaZsxvQjOOM8/YFGRaPzOQEsyMruaXRiRVyZdDu6nICyOwTPl+Bad1HMQEJ9Px3XL6WwR6Lw5KBdWATLh30xmM166AI7IlITKD9Hq6aGFdsvC3EKkYhnIjvA4mJ4Bi0jfaOU32hUxOAzu0u4BHnljka0hnZo02xrAqVLyy1Yzly1UvbPSYczNSPk0sveqoX3sJgWSpCDqgeaV1pbIJuoanJN84CVW55T74NefEqWzQUGK14ydw0yt855pYT602iHt7CIKbYwuM/6gYSzLEj6OrkaUytEWYfQ==",
            "tags": null,
            "tags_all": {}
          },
          "sensitive_attributes": [],
          "private": "eyJzY2hlbWFfdmVyc2lvbiI6IjEifQ==",
          "dependencies": [
            "module.aws_rsa_key.tls_private_key.ssh_key",
            "module.vpc.aws_cloudwatch_log_group.flow_log",
            "module.vpc.aws_customer_gateway.this",
            "module.vpc.aws_db_subnet_group.database",
            "module.vpc.aws_default_network_acl.this",
            "module.vpc.aws_default_route_table.default",
            "module.vpc.aws_default_security_group.this",
            "module.vpc.aws_default_vpc.this",
            "module.vpc.aws_egress_only_internet_gateway.this",
            "module.vpc.aws_eip.nat",
            "module.vpc.aws_elasticache_subnet_group.elasticache",
            "module.vpc.aws_flow_log.this",
            "module.vpc.aws_iam_policy.vpc_flow_log_cloudwatch",
            "module.vpc.aws_iam_role.vpc_flow_log_cloudwatch",
            "module.vpc.aws_iam_role_policy_attachment.vpc_flow_log_cloudwatch",
            "module.vpc.aws_internet_gateway.this",
            "module.vpc.aws_nat_gateway.this",
            "module.vpc.aws_network_acl.database",
            "module.vpc.aws_network_acl.elasticache",
            "module.vpc.aws_network_acl.intra",
            "module.vpc.aws_network_acl.outpost",
            "module.vpc.aws_network_acl.private",
            "module.vpc.aws_network_acl.public",
            "module.vpc.aws_network_acl.redshift",
            "module.vpc.aws_network_acl_rule.database_inbound",
            "module.vpc.aws_network_acl_rule.database_outbound",
            "module.vpc.aws_network_acl_rule.elasticache_inbound",
            "module.vpc.aws_network_acl_rule.elasticache_outbound",
            "module.vpc.aws_network_acl_rule.intra_inbound",
            "module.vpc.aws_network_acl_rule.intra_outbound",
            "module.vpc.aws_network_acl_rule.outpost_inbound",
            "module.vpc.aws_network_acl_rule.outpost_outbound",
            "module.vpc.aws_network_acl_rule.private_inbound",
            "module.vpc.aws_network_acl_rule.private_outbound",
            "module.vpc.aws_network_acl_rule.public_inbound",
            "module.vpc.aws_network_acl_rule.public_outbound",
            "module.vpc.aws_network_acl_rule.redshift_inbound",
            "module.vpc.aws_network_acl_rule.redshift_outbound",
            "module.vpc.aws_redshift_subnet_group.redshift",
            "module.vpc.aws_route.database_internet_gateway",
            "module.vpc.aws_route.database_ipv6_egress",
            "module.vpc.aws_route.database_nat_gateway",
            "module.vpc.aws_route.private_ipv6_egress",
            "module.vpc.aws_route.private_nat_gateway",
            "module.vpc.aws_route.public_internet_gateway",
            "module.vpc.aws_route.public_internet_gateway_ipv6",
            "module.vpc.aws_route_table.database",
            "module.vpc.aws_route_table.elasticache",
            "module.vpc.aws_route_table.intra",
            "module.vpc.aws_route_table.private",
            "module.vpc.aws_route_table.public",
            "module.vpc.aws_route_table.redshift",
            "module.vpc.aws_route_table_association.database",
            "module.vpc.aws_route_table_association.elasticache",
            "module.vpc.aws_route_table_association.intra",
            "module.vpc.aws_route_table_association.outpost",
            "module.vpc.aws_route_table_association.private",
            "module.vpc.aws_route_table_association.public",
            "module.vpc.aws_route_table_association.redshift",
            "module.vpc.aws_route_table_association.redshift_public",
            "module.vpc.aws_subnet.database",
            "module.vpc.aws_subnet.elasticache",
            "module.vpc.aws_subnet.intra",
            "module.vpc.aws_subnet.outpost",
            "module.vpc.aws_subnet.private",
            "module.vpc.aws_subnet.public",
            "module.vpc.aws_subnet.redshift",
            "module.vpc.aws_vpc.this",
            "module.vpc.aws_vpc_dhcp_options.this",
            "module.vpc.aws_vpc_dhcp_options_association.this",
            "module.vpc.aws_vpc_ipv4_cidr_block_association.this",
            "module.vpc.aws_vpn_gateway.this",
            "module.vpc.aws_vpn_gateway_attachment.this",
            "module.vpc.aws_vpn_gateway_route_propagation.intra",
            "module.vpc.aws_vpn_gateway_route_propagation.private",
            "module.vpc.aws_vpn_gateway_route_propagation.public",
            "module.vpc.data.aws_iam_policy_document.flow_log_cloudwatch_assume_role",
            "module.vpc.data.aws_iam_policy_document.vpc_flow_log_cloudwatch"
          ]
        }
      ]
    },
    {
      "module": "module.aws_rsa_key",
      "mode": "managed",
      "type": "tls_private_key",
      "name": "ssh_key",
      "provider": "provider[\"registry.terraform.io/hashicorp/tls\"]",
      "instances": [
        {
          "schema_version": 1,
          "attributes": {
            "algorithm": "RSA",
            "ecdsa_curve": "P224",
            "id": "d9e36e6d4f1d3e6acdc0257878c98e804eb456f5",
            "private_key_openssh": "-----BEGIN OPENSSH PRIVATE KEY-----\nb3BlbnNzaC1rZXktdjEAAAAABG5vbmUAAAAEbm9uZQAAAAAAAAABAAACFwAAAAdz\nc2gtcnNhAAAAAwEAAQAAAgEAtay5qWulOSVkmYdzalWQCUMpE0wUNgcXll/xwOUl\nWqFedD5IwkJ4W7s3lGmk2jWuD7xy+as8pqNlO7rAixeg8mhoO7t239Wsbg+KpowR\nmG2p92DGGt1J3TstRhd47vitQuUIdcQicUz6e9gccBtkE8UH+z8V2VXkNGwTxbv9\nS0sNXVrB5qdR8zTzNjFL96LK6z2k63+lbcf/193NEQXS6vGffd3xMEIBeUXXiH4M\n1t3gJUD5rLJVRkP+52A5lYWzoZsMPQhzM5s7eXwP70EXKpM6bV4Gd5BMBJit/NyJ\nxmMRjx7brM0wfc9816RrswBzSc0VhXVtfpmhERWCxpeyw7y27mBk3Ubar7WLCT3Q\ngQX1medzz+6XUAlw0xXpns1mUXWrFUJT27I5GmbMb0IzjjPP2BRkWj8zkBLMjK7m\nl0YkVcmXQ7upyAsjsEz5fgWndRzEBCfT8d1y+lsEei8OSgXVgEy4d9MZjNeugCOy\nJSEyg/R6umhhXbLwtxCpGIZyI7wOJieAYtI32jlN9oVMTgM7tLuAR55Y5GtIZ2aN\nNsawKlS8stWM5ctVL2z0mHMzUj5NLL3qqF97CYFkqQg6oHmldaWyCbqGpyTfOAlV\nueU++DXnxKls0FBiteMncNMrfOeaWE+tNoh7ewiCm2MLjP+oGEsyxI+jq5GlMrRF\nmH0AAAc4KB7KxSgeysUAAAAHc3NoLXJzYQAAAgEAtay5qWulOSVkmYdzalWQCUMp\nE0wUNgcXll/xwOUlWqFedD5IwkJ4W7s3lGmk2jWuD7xy+as8pqNlO7rAixeg8mho\nO7t239Wsbg+KpowRmG2p92DGGt1J3TstRhd47vitQuUIdcQicUz6e9gccBtkE8UH\n+z8V2VXkNGwTxbv9S0sNXVrB5qdR8zTzNjFL96LK6z2k63+lbcf/193NEQXS6vGf\nfd3xMEIBeUXXiH4M1t3gJUD5rLJVRkP+52A5lYWzoZsMPQhzM5s7eXwP70EXKpM6\nbV4Gd5BMBJit/NyJxmMRjx7brM0wfc9816RrswBzSc0VhXVtfpmhERWCxpeyw7y2\n7mBk3Ubar7WLCT3QgQX1medzz+6XUAlw0xXpns1mUXWrFUJT27I5GmbMb0IzjjPP\n2BRkWj8zkBLMjK7ml0YkVcmXQ7upyAsjsEz5fgWndRzEBCfT8d1y+lsEei8OSgXV\ngEy4d9MZjNeugCOyJSEyg/R6umhhXbLwtxCpGIZyI7wOJieAYtI32jlN9oVMTgM7\ntLuAR55Y5GtIZ2aNNsawKlS8stWM5ctVL2z0mHMzUj5NLL3qqF97CYFkqQg6oHml\ndaWyCbqGpyTfOAlVueU++DXnxKls0FBiteMncNMrfOeaWE+tNoh7ewiCm2MLjP+o\nGEsyxI+jq5GlMrRFmH0AAAADAQABAAACAGYEwpWS70sx5lYYrAUwWxv4bN57QHY+\ncU5uPlG1284TA/l+6Fi9/tx0O3fKA1rN/hq0FlSBhiOFadmqu2jgMe8uFipE0TJM\nyPFdJNz1lwPjwSg7XcPENDBZhMjxcWWwm4sPFjsbksPRGG/nIcEKgJ5hbGP4Pwq2\notmVP10wfcKEONMNngkqOGi8eT8bW6+J6S1EhpIAMiN9xfuwf/FpNdHdMVT7Bu+0\ngSNaxvfM4OTf33jMDeielChLEp9Xd76xP/gmGy9CyX5XU4Sa2E/gW2P7HTpBLJyD\nmUyTeFCgf3W6OCgIig91gh+EHnTxzdDNFfCBi+5PzNbk6n+vdqqSkT1KtexauU9w\nHfC+RgF5YHhzY3yupTHnklLoSch7u5EdZWi7oCa7JuRCR1dkuiqXoLDMDEmQSiGy\nEBDlaPQFbOWSIZeJcjVbm+jksO/qg4dKTlnCPiMaphbh+jdNsTvYnSBIhhSm6pp+\n7z1/5h2/ai8Q7oCVRmnQPqdVdnoqqJijcpYRqFMsI8W9jVwl0jLcGaDrfBALcYAC\na+qbIjTJ3EPIGQG2m1ZrAvgGdcZQZQ1YhmhfwK3yLDAIWESl7bZj+wxen97DM2tw\n1f19RCG775H7dR53BmMjghsurndmF1wD2FBsZosBHUC8tJ2liCu+xIGfnykxO5hC\n601fWqAA7DP5AAABAGooLNwnikV+fLy+RjWnM+BnWf4BKmw4YpRSre8M+6Ddlvmc\n2YMBDhDDGkr619OgDOOnx/DQ0j7/vsmv0T4B4o64uBWfBIyCoV3es+1zVExVZffq\nPuiQCqHvPOe+ifyPCzkEtqwqvHl0wuaSOJEC80rVRYTFQTOtF5gaS0vYEoKs8DRJ\nubd3pq6g0un49rn8G5RC72m4iMgTLsnzIxEmVd1QwlpzwFJpUgua4yGXvT1yrqQ5\n0fegWvRskH2qnUDbvIx1nerw5Gl7i0zra15MoPNKvRAgWUzOWPZtJKjCj5c1+0cP\ntPTC7/VA+LdEuSnWAEzYcKIv5GfqnppHMo/kVVQAAAEBAMkjWteu2bqrPJAuECRf\n5I6hH/zseZzlvFEz2fer5W2VSEucam7qwQAHm55wxe8J47e0aJp/PbCzXT69P3LG\nlH+3u8fEi24khiBMUN/cpKSA+QSOROnfDnEL+fI9vGQQJJ/VxRUZ8InUuSl45wBh\nAXNiyONUiqJzzwf5Is1rm4Fn1ZbSstNHHdOeapyBJdFUUvbxUg0UjJnhMiIm6PkV\nzsNNAVA0OG/3fD0dmHDghymb41KAuJ1h4PHjhYnFKyMhN7QmvNt30km+ZEQcIgV1\nPM25RIocnOtrTGk7RysqTPbejvf6Hng0A08nok1RqpPXtRRZaCnFKdApcw5qLJou\nVCMAAAEBAOc6UlKYMt4FkVyoyGkhPifdCevZ5xzlGtTg9z5Lb4yKeMZ+rDGuzxar\nsGvUmw1iOvkBD3o0AhuoEIKo94TExGKfkIofoqgUqW87V5yAdmUMW2WFcPAtuSve\nmLxNTeIxEp6JNFEZC02Y8AMMllS4Tz6V8UVTxQUEVasbh/TPso3KHgj5QARqj8OM\nRuy81tYUBU66k9Kt7dNfIlPy7hLAQOc8v+1OYx5/AZ7tXMK1Yd7RAo6id+tRoRiV\n776Q84LztFv0aP7bOBCYv57nZ23r0+W8h9w68Hgr5rPZE/N49W1HNamunYoejHUn\npRLoz3uhMPiIUioMXHH2EN8397SyWt8AAAAAAQID\n-----END OPENSSH PRIVATE KEY-----\n",
            "private_key_pem": "-----BEGIN RSA PRIVATE KEY-----\nMIIJKAIBAAKCAgEAtay5qWulOSVkmYdzalWQCUMpE0wUNgcXll/xwOUlWqFedD5I\nwkJ4W7s3lGmk2jWuD7xy+as8pqNlO7rAixeg8mhoO7t239Wsbg+KpowRmG2p92DG\nGt1J3TstRhd47vitQuUIdcQicUz6e9gccBtkE8UH+z8V2VXkNGwTxbv9S0sNXVrB\n5qdR8zTzNjFL96LK6z2k63+lbcf/193NEQXS6vGffd3xMEIBeUXXiH4M1t3gJUD5\nrLJVRkP+52A5lYWzoZsMPQhzM5s7eXwP70EXKpM6bV4Gd5BMBJit/NyJxmMRjx7b\nrM0wfc9816RrswBzSc0VhXVtfpmhERWCxpeyw7y27mBk3Ubar7WLCT3QgQX1medz\nz+6XUAlw0xXpns1mUXWrFUJT27I5GmbMb0IzjjPP2BRkWj8zkBLMjK7ml0YkVcmX\nQ7upyAsjsEz5fgWndRzEBCfT8d1y+lsEei8OSgXVgEy4d9MZjNeugCOyJSEyg/R6\numhhXbLwtxCpGIZyI7wOJieAYtI32jlN9oVMTgM7tLuAR55Y5GtIZ2aNNsawKlS8\nstWM5ctVL2z0mHMzUj5NLL3qqF97CYFkqQg6oHmldaWyCbqGpyTfOAlVueU++DXn\nxKls0FBiteMncNMrfOeaWE+tNoh7ewiCm2MLjP+oGEsyxI+jq5GlMrRFmH0CAwEA\nAQKCAgBmBMKVku9LMeZWGKwFMFsb+Gzee0B2PnFObj5RtdvOEwP5fuhYvf7cdDt3\nygNazf4atBZUgYYjhWnZqrto4DHvLhYqRNEyTMjxXSTc9ZcD48EoO13DxDQwWYTI\n8XFlsJuLDxY7G5LD0Rhv5yHBCoCeYWxj+D8KtqLZlT9dMH3ChDjTDZ4JKjhovHk/\nG1uviektRIaSADIjfcX7sH/xaTXR3TFU+wbvtIEjWsb3zODk3994zA3onpQoSxKf\nV3e+sT/4JhsvQsl+V1OEmthP4Ftj+x06QSycg5lMk3hQoH91ujgoCIoPdYIfhB50\n8c3QzRXwgYvuT8zW5Op/r3aqkpE9SrXsWrlPcB3wvkYBeWB4c2N8rqUx55JS6EnI\ne7uRHWVou6AmuybkQkdXZLoql6CwzAxJkEohshAQ5Wj0BWzlkiGXiXI1W5vo5LDv\n6oOHSk5Zwj4jGqYW4fo3TbE72J0gSIYUpuqafu89f+Ydv2ovEO6AlUZp0D6nVXZ6\nKqiYo3KWEahTLCPFvY1cJdIy3Bmg63wQC3GAAmvqmyI0ydxDyBkBtptWawL4BnXG\nUGUNWIZoX8Ct8iwwCFhEpe22Y/sMXp/ewzNrcNX9fUQhu++R+3UedwZjI4IbLq53\nZhdcA9hQbGaLAR1AvLSdpYgrvsSBn58pMTuYQutNX1qgAOwz+QKCAQEAySNa167Z\nuqs8kC4QJF/kjqEf/Ox5nOW8UTPZ96vlbZVIS5xqburBAAebnnDF7wnjt7Romn89\nsLNdPr0/csaUf7e7x8SLbiSGIExQ39ykpID5BI5E6d8OcQv58j28ZBAkn9XFFRnw\nidS5KXjnAGEBc2LI41SKonPPB/kizWubgWfVltKy00cd055qnIEl0VRS9vFSDRSM\nmeEyIibo+RXOw00BUDQ4b/d8PR2YcOCHKZvjUoC4nWHg8eOFicUrIyE3tCa823fS\nSb5kRBwiBXU8zblEihyc62tMaTtHKypM9t6O9/oeeDQDTyeiTVGqk9e1FFloKcUp\n0ClzDmosmi5UIwKCAQEA5zpSUpgy3gWRXKjIaSE+J90J69nnHOUa1OD3PktvjIp4\nxn6sMa7PFquwa9SbDWI6+QEPejQCG6gQgqj3hMTEYp+Qih+iqBSpbztXnIB2ZQxb\nZYVw8C25K96YvE1N4jESnok0URkLTZjwAwyWVLhPPpXxRVPFBQRVqxuH9M+yjcoe\nCPlABGqPw4xG7LzW1hQFTrqT0q3t018iU/LuEsBA5zy/7U5jHn8Bnu1cwrVh3tEC\njqJ361GhGJXvvpDzgvO0W/Ro/ts4EJi/nudnbevT5byH3DrweCvms9kT83j1bUc1\nqa6dih6MdSelEujPe6Ew+IhSKgxccfYQ3zf3tLJa3wKCAQEAtgYd1uSwu+LtexmE\nmDaD06PzG+QxppCtnNsM3buddE9Nzsdt9pTSNqGr7nXmWo4bm4tTwsV14axgrT98\n5PTbPL3c3Ut8VyAMlbwa0IyQHyNst/e8W9315s5M0zGVhQSq8E73/UGtUj7FlseI\nXepr8q0qWbiPgbbGXFPVcAt6/mAmhkiFdvh8AJ/zoVCrFcZ3Em2PsLCxES0gPpHx\n8kEPDeVpU9j+Xi2dLH3VEAnRqBEgZvCAokUK2jzqA6UAhdkw3QLVlNPZ5cy8VnsT\nOtc/QHnykf6U7+P5kZ4IqQKuBhehUL70xhlkCUU39zr54LOsdw72Wh7I2U45hokF\ndj6I+wKCAQBd89ehUdBRYEfJM5eDCAveXLT8TSTYG8tENkif2jzwCQ+775p98X6Z\nwpdDqTZ7QK+fn6uvRtSYcjiLLqasHtuBCz7KsMIBs6uI077si1IQCu5UGN1j6eA0\nkBTVZj/AKZpcKnnEff2WwQ683m9y6xTf5EMNnVUPjcxVYzFh6satUDPWB5jYcogJ\nt8TVyoEsqSPi8nLABwX8fcpP/AR6P/3fN1Lw1In3yTlaXy3yu4qR47E7TY6WYiun\n9rxcXT9ktStStcO30lE8hSRPJ81h35HQ5kL53ET7PzNVXl357usiRO3sDVRb27/M\nlpg/T7OGk193jMR961ngwE/oszAGDvZXAoIBAGooLNwnikV+fLy+RjWnM+BnWf4B\nKmw4YpRSre8M+6Ddlvmc2YMBDhDDGkr619OgDOOnx/DQ0j7/vsmv0T4B4o64uBWf\nBIyCoV3es+1zVExVZffqPuiQCqHvPOe+ifyPCzkEtqwqvHl0wuaSOJEC80rVRYTF\nQTOtF5gaS0vYEoKs8DRJubd3pq6g0un49rn8G5RC72m4iMgTLsnzIxEmVd1Qwlpz\nwFJpUgua4yGXvT1yrqQ50fegWvRskH2qnUDbvIx1nerw5Gl7i0zra15MoPNKvRAg\nWUzOWPZtJKjCj5c1+0cPtPTC7/VA+LdEuSnWAEzYcKIv5GfqnppHMo/kVVQ=\n-----END RSA PRIVATE KEY-----\n",
            "private_key_pem_pkcs8": "-----BEGIN PRIVATE KEY-----\nMIIJQgIBADANBgkqhkiG9w0BAQEFAASCCSwwggkoAgEAAoICAQC1rLmpa6U5JWSZ\nh3NqVZAJQykTTBQ2BxeWX/HA5SVaoV50PkjCQnhbuzeUaaTaNa4PvHL5qzymo2U7\nusCLF6DyaGg7u3bf1axuD4qmjBGYban3YMYa3UndOy1GF3ju+K1C5Qh1xCJxTPp7\n2BxwG2QTxQf7PxXZVeQ0bBPFu/1LSw1dWsHmp1HzNPM2MUv3osrrPaTrf6Vtx//X\n3c0RBdLq8Z993fEwQgF5RdeIfgzW3eAlQPmsslVGQ/7nYDmVhbOhmww9CHMzmzt5\nfA/vQRcqkzptXgZ3kEwEmK383InGYxGPHtuszTB9z3zXpGuzAHNJzRWFdW1+maER\nFYLGl7LDvLbuYGTdRtqvtYsJPdCBBfWZ53PP7pdQCXDTFemezWZRdasVQlPbsjka\nZsxvQjOOM8/YFGRaPzOQEsyMruaXRiRVyZdDu6nICyOwTPl+Bad1HMQEJ9Px3XL6\nWwR6Lw5KBdWATLh30xmM166AI7IlITKD9Hq6aGFdsvC3EKkYhnIjvA4mJ4Bi0jfa\nOU32hUxOAzu0u4BHnljka0hnZo02xrAqVLyy1Yzly1UvbPSYczNSPk0sveqoX3sJ\ngWSpCDqgeaV1pbIJuoanJN84CVW55T74NefEqWzQUGK14ydw0yt855pYT602iHt7\nCIKbYwuM/6gYSzLEj6OrkaUytEWYfQIDAQABAoICAGYEwpWS70sx5lYYrAUwWxv4\nbN57QHY+cU5uPlG1284TA/l+6Fi9/tx0O3fKA1rN/hq0FlSBhiOFadmqu2jgMe8u\nFipE0TJMyPFdJNz1lwPjwSg7XcPENDBZhMjxcWWwm4sPFjsbksPRGG/nIcEKgJ5h\nbGP4Pwq2otmVP10wfcKEONMNngkqOGi8eT8bW6+J6S1EhpIAMiN9xfuwf/FpNdHd\nMVT7Bu+0gSNaxvfM4OTf33jMDeielChLEp9Xd76xP/gmGy9CyX5XU4Sa2E/gW2P7\nHTpBLJyDmUyTeFCgf3W6OCgIig91gh+EHnTxzdDNFfCBi+5PzNbk6n+vdqqSkT1K\ntexauU9wHfC+RgF5YHhzY3yupTHnklLoSch7u5EdZWi7oCa7JuRCR1dkuiqXoLDM\nDEmQSiGyEBDlaPQFbOWSIZeJcjVbm+jksO/qg4dKTlnCPiMaphbh+jdNsTvYnSBI\nhhSm6pp+7z1/5h2/ai8Q7oCVRmnQPqdVdnoqqJijcpYRqFMsI8W9jVwl0jLcGaDr\nfBALcYACa+qbIjTJ3EPIGQG2m1ZrAvgGdcZQZQ1YhmhfwK3yLDAIWESl7bZj+wxe\nn97DM2tw1f19RCG775H7dR53BmMjghsurndmF1wD2FBsZosBHUC8tJ2liCu+xIGf\nnykxO5hC601fWqAA7DP5AoIBAQDJI1rXrtm6qzyQLhAkX+SOoR/87Hmc5bxRM9n3\nq+VtlUhLnGpu6sEAB5uecMXvCeO3tGiafz2ws10+vT9yxpR/t7vHxItuJIYgTFDf\n3KSkgPkEjkTp3w5xC/nyPbxkECSf1cUVGfCJ1LkpeOcAYQFzYsjjVIqic88H+SLN\na5uBZ9WW0rLTRx3TnmqcgSXRVFL28VINFIyZ4TIiJuj5Fc7DTQFQNDhv93w9HZhw\n4Icpm+NSgLidYeDx44WJxSsjITe0Jrzbd9JJvmREHCIFdTzNuUSKHJzra0xpO0cr\nKkz23o73+h54NANPJ6JNUaqT17UUWWgpxSnQKXMOaiyaLlQjAoIBAQDnOlJSmDLe\nBZFcqMhpIT4n3Qnr2ecc5RrU4Pc+S2+MinjGfqwxrs8Wq7Br1JsNYjr5AQ96NAIb\nqBCCqPeExMRin5CKH6KoFKlvO1ecgHZlDFtlhXDwLbkr3pi8TU3iMRKeiTRRGQtN\nmPADDJZUuE8+lfFFU8UFBFWrG4f0z7KNyh4I+UAEao/DjEbsvNbWFAVOupPSre3T\nXyJT8u4SwEDnPL/tTmMefwGe7VzCtWHe0QKOonfrUaEYle++kPOC87Rb9Gj+2zgQ\nmL+e52dt69PlvIfcOvB4K+az2RPzePVtRzWprp2KHox1J6US6M97oTD4iFIqDFxx\n9hDfN/e0slrfAoIBAQC2Bh3W5LC74u17GYSYNoPTo/Mb5DGmkK2c2wzdu510T03O\nx232lNI2oavudeZajhubi1PCxXXhrGCtP3zk9Ns8vdzdS3xXIAyVvBrQjJAfI2y3\n97xb3fXmzkzTMZWFBKrwTvf9Qa1SPsWWx4hd6mvyrSpZuI+BtsZcU9VwC3r+YCaG\nSIV2+HwAn/OhUKsVxncSbY+wsLERLSA+kfHyQQ8N5WlT2P5eLZ0sfdUQCdGoESBm\n8ICiRQraPOoDpQCF2TDdAtWU09nlzLxWexM61z9AefKR/pTv4/mRngipAq4GF6FQ\nvvTGGWQJRTf3Ovngs6x3DvZaHsjZTjmGiQV2Poj7AoIBAF3z16FR0FFgR8kzl4MI\nC95ctPxNJNgby0Q2SJ/aPPAJD7vvmn3xfpnCl0OpNntAr5+fq69G1JhyOIsupqwe\n24ELPsqwwgGzq4jTvuyLUhAK7lQY3WPp4DSQFNVmP8ApmlwqecR9/ZbBDrzeb3Lr\nFN/kQw2dVQ+NzFVjMWHqxq1QM9YHmNhyiAm3xNXKgSypI+LycsAHBfx9yk/8BHo/\n/d83UvDUiffJOVpfLfK7ipHjsTtNjpZiK6f2vFxdP2S1K1K1w7fSUTyFJE8nzWHf\nkdDmQvncRPs/M1VeXfnu6yJE7ewNVFvbv8yWmD9Ps4aTX3eMxH3rWeDAT+izMAYO\n9lcCggEAaigs3CeKRX58vL5GNacz4GdZ/gEqbDhilFKt7wz7oN2W+ZzZgwEOEMMa\nSvrX06AM46fH8NDSPv++ya/RPgHijri4FZ8EjIKhXd6z7XNUTFVl9+o+6JAKoe88\n576J/I8LOQS2rCq8eXTC5pI4kQLzStVFhMVBM60XmBpLS9gSgqzwNEm5t3emrqDS\n6fj2ufwblELvabiIyBMuyfMjESZV3VDCWnPAUmlSC5rjIZe9PXKupDnR96Ba9GyQ\nfaqdQNu8jHWd6vDkaXuLTOtrXkyg80q9ECBZTM5Y9m0kqMKPlzX7Rw+09MLv9UD4\nt0S5KdYATNhwoi/kZ+qemkcyj+RVVA==\n-----END PRIVATE KEY-----\n",
            "public_key_fingerprint_md5": "5d:49:1a:e4:3f:1f:a3:b2:70:e8:d4:83:a7:1b:fb:5e",
            "public_key_fingerprint_sha256": "SHA256:X7dqTPq2yCg0TIzAk+l5UvbEu0Dq3qihqzi4ttOemH0",
            "public_key_openssh": "ssh-rsa AAAAB3NzaC1yc2EAAAADAQABAAACAQC1rLmpa6U5JWSZh3NqVZAJQykTTBQ2BxeWX/HA5SVaoV50PkjCQnhbuzeUaaTaNa4PvHL5qzymo2U7usCLF6DyaGg7u3bf1axuD4qmjBGYban3YMYa3UndOy1GF3ju+K1C5Qh1xCJxTPp72BxwG2QTxQf7PxXZVeQ0bBPFu/1LSw1dWsHmp1HzNPM2MUv3osrrPaTrf6Vtx//X3c0RBdLq8Z993fEwQgF5RdeIfgzW3eAlQPmsslVGQ/7nYDmVhbOhmww9CHMzmzt5fA/vQRcqkzptXgZ3kEwEmK383InGYxGPHtuszTB9z3zXpGuzAHNJzRWFdW1+maERFYLGl7LDvLbuYGTdRtqvtYsJPdCBBfWZ53PP7pdQCXDTFemezWZRdasVQlPbsjkaZsxvQjOOM8/YFGRaPzOQEsyMruaXRiRVyZdDu6nICyOwTPl+Bad1HMQEJ9Px3XL6WwR6Lw5KBdWATLh30xmM166AI7IlITKD9Hq6aGFdsvC3EKkYhnIjvA4mJ4Bi0jfaOU32hUxOAzu0u4BHnljka0hnZo02xrAqVLyy1Yzly1UvbPSYczNSPk0sveqoX3sJgWSpCDqgeaV1pbIJuoanJN84CVW55T74NefEqWzQUGK14ydw0yt855pYT602iHt7CIKbYwuM/6gYSzLEj6OrkaUytEWYfQ==\n",
            "public_key_pem": "-----BEGIN PUBLIC KEY-----\nMIICIjANBgkqhkiG9w0BAQEFAAOCAg8AMIICCgKCAgEAtay5qWulOSVkmYdzalWQ\nCUMpE0wUNgcXll/xwOUlWqFedD5IwkJ4W7s3lGmk2jWuD7xy+as8pqNlO7rAixeg\n8mhoO7t239Wsbg+KpowRmG2p92DGGt1J3TstRhd47vitQuUIdcQicUz6e9gccBtk\nE8UH+z8V2VXkNGwTxbv9S0sNXVrB5qdR8zTzNjFL96LK6z2k63+lbcf/193NEQXS\n6vGffd3xMEIBeUXXiH4M1t3gJUD5rLJVRkP+52A5lYWzoZsMPQhzM5s7eXwP70EX\nKpM6bV4Gd5BMBJit/NyJxmMRjx7brM0wfc9816RrswBzSc0VhXVtfpmhERWCxpey\nw7y27mBk3Ubar7WLCT3QgQX1medzz+6XUAlw0xXpns1mUXWrFUJT27I5GmbMb0Iz\njjPP2BRkWj8zkBLMjK7ml0YkVcmXQ7upyAsjsEz5fgWndRzEBCfT8d1y+lsEei8O\nSgXVgEy4d9MZjNeugCOyJSEyg/R6umhhXbLwtxCpGIZyI7wOJieAYtI32jlN9oVM\nTgM7tLuAR55Y5GtIZ2aNNsawKlS8stWM5ctVL2z0mHMzUj5NLL3qqF97CYFkqQg6\noHmldaWyCbqGpyTfOAlVueU++DXnxKls0FBiteMncNMrfOeaWE+tNoh7ewiCm2ML\njP+oGEsyxI+jq5GlMrRFmH0CAwEAAQ==\n-----END PUBLIC KEY-----\n",
            "rsa_bits": 4096
          },
          "sensitive_attributes": [],
          "dependencies": [
            "module.vpc.aws_cloudwatch_log_group.flow_log",
            "module.vpc.aws_customer_gateway.this",
            "module.vpc.aws_db_subnet_group.database",
            "module.vpc.aws_default_network_acl.this",
            "module.vpc.aws_default_route_table.default",
            "module.vpc.aws_default_security_group.this",
            "module.vpc.aws_default_vpc.this",
            "module.vpc.aws_egress_only_internet_gateway.this",
            "module.vpc.aws_eip.nat",
            "module.vpc.aws_elasticache_subnet_group.elasticache",
            "module.vpc.aws_flow_log.this",
            "module.vpc.aws_iam_policy.vpc_flow_log_cloudwatch",
            "module.vpc.aws_iam_role.vpc_flow_log_cloudwatch",
            "module.vpc.aws_iam_role_policy_attachment.vpc_flow_log_cloudwatch",
            "module.vpc.aws_internet_gateway.this",
            "module.vpc.aws_nat_gateway.this",
            "module.vpc.aws_network_acl.database",
            "module.vpc.aws_network_acl.elasticache",
            "module.vpc.aws_network_acl.intra",
            "module.vpc.aws_network_acl.outpost",
            "module.vpc.aws_network_acl.private",
            "module.vpc.aws_network_acl.public",
            "module.vpc.aws_network_acl.redshift",
            "module.vpc.aws_network_acl_rule.database_inbound",
            "module.vpc.aws_network_acl_rule.database_outbound",
            "module.vpc.aws_network_acl_rule.elasticache_inbound",
            "module.vpc.aws_network_acl_rule.elasticache_outbound",
            "module.vpc.aws_network_acl_rule.intra_inbound",
            "module.vpc.aws_network_acl_rule.intra_outbound",
            "module.vpc.aws_network_acl_rule.outpost_inbound",
            "module.vpc.aws_network_acl_rule.outpost_outbound",
            "module.vpc.aws_network_acl_rule.private_inbound",
            "module.vpc.aws_network_acl_rule.private_outbound",
            "module.vpc.aws_network_acl_rule.public_inbound",
            "module.vpc.aws_network_acl_rule.public_outbound",
            "module.vpc.aws_network_acl_rule.redshift_inbound",
            "module.vpc.aws_network_acl_rule.redshift_outbound",
            "module.vpc.aws_redshift_subnet_group.redshift",
            "module.vpc.aws_route.database_internet_gateway",
            "module.vpc.aws_route.database_ipv6_egress",
            "module.vpc.aws_route.database_nat_gateway",
            "module.vpc.aws_route.private_ipv6_egress",
            "module.vpc.aws_route.private_nat_gateway",
            "module.vpc.aws_route.public_internet_gateway",
            "module.vpc.aws_route.public_internet_gateway_ipv6",
            "module.vpc.aws_route_table.database",
            "module.vpc.aws_route_table.elasticache",
            "module.vpc.aws_route_table.intra",
            "module.vpc.aws_route_table.private",
            "module.vpc.aws_route_table.public",
            "module.vpc.aws_route_table.redshift",
            "module.vpc.aws_route_table_association.database",
            "module.vpc.aws_route_table_association.elasticache",
            "module.vpc.aws_route_table_association.intra",
            "module.vpc.aws_route_table_association.outpost",
            "module.vpc.aws_route_table_association.private",
            "module.vpc.aws_route_table_association.public",
            "module.vpc.aws_route_table_association.redshift",
            "module.vpc.aws_route_table_association.redshift_public",
            "module.vpc.aws_subnet.database",
            "module.vpc.aws_subnet.elasticache",
            "module.vpc.aws_subnet.intra",
            "module.vpc.aws_subnet.outpost",
            "module.vpc.aws_subnet.private",
            "module.vpc.aws_subnet.public",
            "module.vpc.aws_subnet.redshift",
            "module.vpc.aws_vpc.this",
            "module.vpc.aws_vpc_dhcp_options.this",
            "module.vpc.aws_vpc_dhcp_options_association.this",
            "module.vpc.aws_vpc_ipv4_cidr_block_association.this",
            "module.vpc.aws_vpn_gateway.this",
            "module.vpc.aws_vpn_gateway_attachment.this",
            "module.vpc.aws_vpn_gateway_route_propagation.intra",
            "module.vpc.aws_vpn_gateway_route_propagation.private",
            "module.vpc.aws_vpn_gateway_route_propagation.public",
            "module.vpc.data.aws_iam_policy_document.flow_log_cloudwatch_assume_role",
            "module.vpc.data.aws_iam_policy_document.vpc_flow_log_cloudwatch"
          ]
        }
      ]
    },
    {
      "module": "module.vpc",
      "mode": "managed",
      "type": "aws_eip",
      "name": "nat",
      "provider": "provider[\"registry.terraform.io/hashicorp/aws\"]",
      "instances": [
        {
          "index_key": 0,
          "schema_version": 0,
          "attributes": {
            "address": null,
            "allocation_id": "eipalloc-03e26dab2c0a316fe",
            "associate_with_private_ip": null,
            "association_id": "",
            "carrier_ip": "",
            "customer_owned_ip": "",
            "customer_owned_ipv4_pool": "",
            "domain": "vpc",
            "id": "eipalloc-03e26dab2c0a316fe",
            "instance": "",
            "network_border_group": "us-east-1",
            "network_interface": "",
            "private_dns": null,
            "private_ip": "",
            "public_dns": "ec2-52-86-198-35.compute-1.amazonaws.com",
            "public_ip": "52.86.198.35",
            "public_ipv4_pool": "amazon",
            "tags": {
              "Name": "VPC-us-east-1a"
            },
            "tags_all": {
              "Name": "VPC-us-east-1a"
            },
            "timeouts": null,
            "vpc": true
          },
          "sensitive_attributes": [],
          "private": "eyJlMmJmYjczMC1lY2FhLTExZTYtOGY4OC0zNDM2M2JjN2M0YzAiOnsiZGVsZXRlIjoxODAwMDAwMDAwMDAsInJlYWQiOjkwMDAwMDAwMDAwMCwidXBkYXRlIjozMDAwMDAwMDAwMDB9fQ=="
        }
      ]
    },
    {
      "module": "module.vpc",
      "mode": "managed",
      "type": "aws_internet_gateway",
      "name": "this",
      "provider": "provider[\"registry.terraform.io/hashicorp/aws\"]",
      "instances": [
        {
          "index_key": 0,
          "schema_version": 0,
          "attributes": {
            "arn": "arn:aws:ec2:us-east-1:512464434852:internet-gateway/igw-0959e0e65b4c46f98",
            "id": "igw-0959e0e65b4c46f98",
            "owner_id": "512464434852",
            "tags": {
              "Name": "VPC"
            },
            "tags_all": {
              "Name": "VPC"
            },
            "vpc_id": "vpc-0af5bee231f872c12"
          },
          "sensitive_attributes": [],
          "private": "bnVsbA==",
          "dependencies": [
            "module.vpc.aws_vpc.this",
            "module.vpc.aws_vpc_ipv4_cidr_block_association.this"
          ]
        }
      ]
    },
    {
      "module": "module.vpc",
      "mode": "managed",
      "type": "aws_nat_gateway",
      "name": "this",
      "provider": "provider[\"registry.terraform.io/hashicorp/aws\"]",
      "instances": [
        {
          "index_key": 0,
          "schema_version": 0,
          "attributes": {
            "allocation_id": "eipalloc-03e26dab2c0a316fe",
            "connectivity_type": "public",
            "id": "nat-084351fceb19fbc89",
            "network_interface_id": "eni-03430d012262ee384",
            "private_ip": "172.23.4.245",
            "public_ip": "52.86.198.35",
            "subnet_id": "subnet-006e0e0d9f693ed52",
            "tags": {
              "Name": "caldera-test_natgateway"
            },
            "tags_all": {
              "Name": "caldera-test_natgateway"
            }
          },
          "sensitive_attributes": [],
          "private": "bnVsbA==",
          "dependencies": [
            "module.vpc.aws_eip.nat",
            "module.vpc.aws_internet_gateway.this",
            "module.vpc.aws_subnet.public",
            "module.vpc.aws_vpc.this",
            "module.vpc.aws_vpc_ipv4_cidr_block_association.this"
          ]
        }
      ]
    },
    {
      "module": "module.vpc",
      "mode": "managed",
      "type": "aws_route",
      "name": "private_nat_gateway",
      "provider": "provider[\"registry.terraform.io/hashicorp/aws\"]",
      "instances": [
        {
          "index_key": 0,
          "schema_version": 0,
          "attributes": {
            "carrier_gateway_id": "",
            "core_network_arn": "",
            "destination_cidr_block": "0.0.0.0/0",
            "destination_ipv6_cidr_block": "",
            "destination_prefix_list_id": "",
            "egress_only_gateway_id": "",
            "gateway_id": "",
            "id": "r-rtb-0ddbcf0fa0453d25a1080289494",
            "instance_id": "",
            "instance_owner_id": "",
            "local_gateway_id": "",
            "nat_gateway_id": "nat-084351fceb19fbc89",
            "network_interface_id": "",
            "origin": "CreateRoute",
            "route_table_id": "rtb-0ddbcf0fa0453d25a",
            "state": "active",
            "timeouts": {
              "create": "5m",
              "delete": null,
              "update": null
            },
            "transit_gateway_id": "",
            "vpc_endpoint_id": "",
            "vpc_peering_connection_id": ""
          },
          "sensitive_attributes": [],
          "private": "eyJlMmJmYjczMC1lY2FhLTExZTYtOGY4OC0zNDM2M2JjN2M0YzAiOnsiY3JlYXRlIjozMDAwMDAwMDAwMDAsImRlbGV0ZSI6MzAwMDAwMDAwMDAwLCJ1cGRhdGUiOjEyMDAwMDAwMDAwMH19",
          "dependencies": [
            "module.vpc.aws_eip.nat",
            "module.vpc.aws_internet_gateway.this",
            "module.vpc.aws_nat_gateway.this",
            "module.vpc.aws_route_table.private",
            "module.vpc.aws_subnet.public",
            "module.vpc.aws_vpc.this",
            "module.vpc.aws_vpc_ipv4_cidr_block_association.this"
          ]
        }
      ]
    },
    {
      "module": "module.vpc",
      "mode": "managed",
      "type": "aws_route",
      "name": "public_internet_gateway",
      "provider": "provider[\"registry.terraform.io/hashicorp/aws\"]",
      "instances": [
        {
          "index_key": 0,
          "schema_version": 0,
          "attributes": {
            "carrier_gateway_id": "",
            "core_network_arn": "",
            "destination_cidr_block": "0.0.0.0/0",
            "destination_ipv6_cidr_block": "",
            "destination_prefix_list_id": "",
            "egress_only_gateway_id": "",
            "gateway_id": "igw-0959e0e65b4c46f98",
            "id": "r-rtb-0de0520d8e12c9ce01080289494",
            "instance_id": "",
            "instance_owner_id": "",
            "local_gateway_id": "",
            "nat_gateway_id": "",
            "network_interface_id": "",
            "origin": "CreateRoute",
            "route_table_id": "rtb-0de0520d8e12c9ce0",
            "state": "active",
            "timeouts": {
              "create": "5m",
              "delete": null,
              "update": null
            },
            "transit_gateway_id": "",
            "vpc_endpoint_id": "",
            "vpc_peering_connection_id": ""
          },
          "sensitive_attributes": [],
          "private": "eyJlMmJmYjczMC1lY2FhLTExZTYtOGY4OC0zNDM2M2JjN2M0YzAiOnsiY3JlYXRlIjozMDAwMDAwMDAwMDAsImRlbGV0ZSI6MzAwMDAwMDAwMDAwLCJ1cGRhdGUiOjEyMDAwMDAwMDAwMH19",
          "dependencies": [
            "module.vpc.aws_internet_gateway.this",
            "module.vpc.aws_route_table.public",
            "module.vpc.aws_vpc.this",
            "module.vpc.aws_vpc_ipv4_cidr_block_association.this"
          ]
        }
      ]
    },
    {
      "module": "module.vpc",
      "mode": "managed",
      "type": "aws_route_table",
      "name": "private",
      "provider": "provider[\"registry.terraform.io/hashicorp/aws\"]",
      "instances": [
        {
          "index_key": 0,
          "schema_version": 0,
          "attributes": {
            "arn": "arn:aws:ec2:us-east-1:512464434852:route-table/rtb-0ddbcf0fa0453d25a",
            "id": "rtb-0ddbcf0fa0453d25a",
            "owner_id": "512464434852",
            "propagating_vgws": [],
            "route": [],
            "tags": {
              "Name": "VPC-private"
            },
            "tags_all": {
              "Name": "VPC-private"
            },
            "timeouts": null,
            "vpc_id": "vpc-0af5bee231f872c12"
          },
          "sensitive_attributes": [],
          "private": "eyJlMmJmYjczMC1lY2FhLTExZTYtOGY4OC0zNDM2M2JjN2M0YzAiOnsiY3JlYXRlIjozMDAwMDAwMDAwMDAsImRlbGV0ZSI6MzAwMDAwMDAwMDAwLCJ1cGRhdGUiOjEyMDAwMDAwMDAwMH19",
          "dependencies": [
            "module.vpc.aws_vpc.this",
            "module.vpc.aws_vpc_ipv4_cidr_block_association.this"
          ]
        }
      ]
    },
    {
      "module": "module.vpc",
      "mode": "managed",
      "type": "aws_route_table",
      "name": "public",
      "provider": "provider[\"registry.terraform.io/hashicorp/aws\"]",
      "instances": [
        {
          "index_key": 0,
          "schema_version": 0,
          "attributes": {
            "arn": "arn:aws:ec2:us-east-1:512464434852:route-table/rtb-0de0520d8e12c9ce0",
            "id": "rtb-0de0520d8e12c9ce0",
            "owner_id": "512464434852",
            "propagating_vgws": [],
            "route": [],
            "tags": {
              "Name": "VPC-public"
            },
            "tags_all": {
              "Name": "VPC-public"
            },
            "timeouts": null,
            "vpc_id": "vpc-0af5bee231f872c12"
          },
          "sensitive_attributes": [],
          "private": "eyJlMmJmYjczMC1lY2FhLTExZTYtOGY4OC0zNDM2M2JjN2M0YzAiOnsiY3JlYXRlIjozMDAwMDAwMDAwMDAsImRlbGV0ZSI6MzAwMDAwMDAwMDAwLCJ1cGRhdGUiOjEyMDAwMDAwMDAwMH19",
          "dependencies": [
            "module.vpc.aws_vpc.this",
            "module.vpc.aws_vpc_ipv4_cidr_block_association.this"
          ]
        }
      ]
    },
    {
      "module": "module.vpc",
      "mode": "managed",
      "type": "aws_route_table_association",
      "name": "private",
      "provider": "provider[\"registry.terraform.io/hashicorp/aws\"]",
      "instances": [
        {
          "index_key": 0,
          "schema_version": 0,
          "attributes": {
            "gateway_id": "",
            "id": "rtbassoc-016c6facc9124385f",
            "route_table_id": "rtb-0ddbcf0fa0453d25a",
            "subnet_id": "subnet-09a9a6425f00d439b"
          },
          "sensitive_attributes": [],
          "private": "bnVsbA==",
          "dependencies": [
            "module.vpc.aws_route_table.private",
            "module.vpc.aws_subnet.private",
            "module.vpc.aws_vpc.this",
            "module.vpc.aws_vpc_ipv4_cidr_block_association.this"
          ]
        },
        {
          "index_key": 1,
          "schema_version": 0,
          "attributes": {
            "gateway_id": "",
            "id": "rtbassoc-0c231c86830f4249c",
            "route_table_id": "rtb-0ddbcf0fa0453d25a",
            "subnet_id": "subnet-0df83470df83f7dd2"
          },
          "sensitive_attributes": [],
          "private": "bnVsbA==",
          "dependencies": [
            "module.vpc.aws_route_table.private",
            "module.vpc.aws_subnet.private",
            "module.vpc.aws_vpc.this",
            "module.vpc.aws_vpc_ipv4_cidr_block_association.this"
          ]
        },
        {
          "index_key": 2,
          "schema_version": 0,
          "attributes": {
            "gateway_id": "",
            "id": "rtbassoc-018a388086a641da6",
            "route_table_id": "rtb-0ddbcf0fa0453d25a",
            "subnet_id": "subnet-0373c2b585edc4584"
          },
          "sensitive_attributes": [],
          "private": "bnVsbA==",
          "dependencies": [
            "module.vpc.aws_route_table.private",
            "module.vpc.aws_subnet.private",
            "module.vpc.aws_vpc.this",
            "module.vpc.aws_vpc_ipv4_cidr_block_association.this"
          ]
        },
        {
          "index_key": 3,
          "schema_version": 0,
          "attributes": {
            "gateway_id": "",
            "id": "rtbassoc-098f3150f50f0c771",
            "route_table_id": "rtb-0ddbcf0fa0453d25a",
            "subnet_id": "subnet-0404b0a310ebf36a5"
          },
          "sensitive_attributes": [],
          "private": "bnVsbA==",
          "dependencies": [
            "module.vpc.aws_route_table.private",
            "module.vpc.aws_subnet.private",
            "module.vpc.aws_vpc.this",
            "module.vpc.aws_vpc_ipv4_cidr_block_association.this"
          ]
        },
        {
          "index_key": 4,
          "schema_version": 0,
          "attributes": {
            "gateway_id": "",
            "id": "rtbassoc-066372ed8dcade3bd",
            "route_table_id": "rtb-0ddbcf0fa0453d25a",
            "subnet_id": "subnet-075aca06620a4805d"
          },
          "sensitive_attributes": [],
          "private": "bnVsbA==",
          "dependencies": [
            "module.vpc.aws_route_table.private",
            "module.vpc.aws_subnet.private",
            "module.vpc.aws_vpc.this",
            "module.vpc.aws_vpc_ipv4_cidr_block_association.this"
          ]
        }
      ]
    },
    {
      "module": "module.vpc",
      "mode": "managed",
      "type": "aws_route_table_association",
      "name": "public",
      "provider": "provider[\"registry.terraform.io/hashicorp/aws\"]",
      "instances": [
        {
          "index_key": 0,
          "schema_version": 0,
          "attributes": {
            "gateway_id": "",
            "id": "rtbassoc-0a222a442329262f5",
            "route_table_id": "rtb-0de0520d8e12c9ce0",
            "subnet_id": "subnet-006e0e0d9f693ed52"
          },
          "sensitive_attributes": [],
          "private": "bnVsbA==",
          "dependencies": [
            "module.vpc.aws_route_table.public",
            "module.vpc.aws_subnet.public",
            "module.vpc.aws_vpc.this",
            "module.vpc.aws_vpc_ipv4_cidr_block_association.this"
          ]
        },
        {
          "index_key": 1,
          "schema_version": 0,
          "attributes": {
            "gateway_id": "",
            "id": "rtbassoc-081ade4c11cac4db0",
            "route_table_id": "rtb-0de0520d8e12c9ce0",
            "subnet_id": "subnet-0f98c65fc54e0399d"
          },
          "sensitive_attributes": [],
          "private": "bnVsbA==",
          "dependencies": [
            "module.vpc.aws_route_table.public",
            "module.vpc.aws_subnet.public",
            "module.vpc.aws_vpc.this",
            "module.vpc.aws_vpc_ipv4_cidr_block_association.this"
          ]
        },
        {
          "index_key": 2,
          "schema_version": 0,
          "attributes": {
            "gateway_id": "",
            "id": "rtbassoc-09b2358782e53352c",
            "route_table_id": "rtb-0de0520d8e12c9ce0",
            "subnet_id": "subnet-054dcdbff0b3bdec3"
          },
          "sensitive_attributes": [],
          "private": "bnVsbA==",
          "dependencies": [
            "module.vpc.aws_route_table.public",
            "module.vpc.aws_subnet.public",
            "module.vpc.aws_vpc.this",
            "module.vpc.aws_vpc_ipv4_cidr_block_association.this"
          ]
        },
        {
          "index_key": 3,
          "schema_version": 0,
          "attributes": {
            "gateway_id": "",
            "id": "rtbassoc-058f46aada07c518b",
            "route_table_id": "rtb-0de0520d8e12c9ce0",
            "subnet_id": "subnet-0b3f7e22c5ec62e36"
          },
          "sensitive_attributes": [],
          "private": "bnVsbA==",
          "dependencies": [
            "module.vpc.aws_route_table.public",
            "module.vpc.aws_subnet.public",
            "module.vpc.aws_vpc.this",
            "module.vpc.aws_vpc_ipv4_cidr_block_association.this"
          ]
        },
        {
          "index_key": 4,
          "schema_version": 0,
          "attributes": {
            "gateway_id": "",
            "id": "rtbassoc-0438d0f0b2b01bb3f",
            "route_table_id": "rtb-0de0520d8e12c9ce0",
            "subnet_id": "subnet-0519bcdbc343eb816"
          },
          "sensitive_attributes": [],
          "private": "bnVsbA==",
          "dependencies": [
            "module.vpc.aws_route_table.public",
            "module.vpc.aws_subnet.public",
            "module.vpc.aws_vpc.this",
            "module.vpc.aws_vpc_ipv4_cidr_block_association.this"
          ]
        }
      ]
    },
    {
      "module": "module.vpc",
      "mode": "managed",
      "type": "aws_subnet",
      "name": "private",
      "provider": "provider[\"registry.terraform.io/hashicorp/aws\"]",
      "instances": [
        {
          "index_key": 0,
          "schema_version": 1,
          "attributes": {
            "arn": "arn:aws:ec2:us-east-1:512464434852:subnet/subnet-09a9a6425f00d439b",
            "assign_ipv6_address_on_creation": false,
            "availability_zone": "us-east-1a",
            "availability_zone_id": "use1-az6",
            "cidr_block": "172.23.0.0/22",
            "customer_owned_ipv4_pool": "",
            "enable_dns64": false,
            "enable_resource_name_dns_a_record_on_launch": false,
            "enable_resource_name_dns_aaaa_record_on_launch": false,
            "id": "subnet-09a9a6425f00d439b",
            "ipv6_cidr_block": "",
            "ipv6_cidr_block_association_id": "",
            "ipv6_native": false,
            "map_customer_owned_ip_on_launch": false,
            "map_public_ip_on_launch": false,
            "outpost_arn": "",
            "owner_id": "512464434852",
            "private_dns_hostname_type_on_launch": "ip-name",
            "tags": {
              "Name": "caldera-test_private"
            },
            "tags_all": {
              "Name": "caldera-test_private"
            },
            "timeouts": null,
            "vpc_id": "vpc-0af5bee231f872c12"
          },
          "sensitive_attributes": [],
          "private": "eyJlMmJmYjczMC1lY2FhLTExZTYtOGY4OC0zNDM2M2JjN2M0YzAiOnsiY3JlYXRlIjo2MDAwMDAwMDAwMDAsImRlbGV0ZSI6MTIwMDAwMDAwMDAwMH0sInNjaGVtYV92ZXJzaW9uIjoiMSJ9",
          "dependencies": [
            "module.vpc.aws_vpc.this",
            "module.vpc.aws_vpc_ipv4_cidr_block_association.this"
          ]
        },
        {
          "index_key": 1,
          "schema_version": 1,
          "attributes": {
            "arn": "arn:aws:ec2:us-east-1:512464434852:subnet/subnet-0df83470df83f7dd2",
            "assign_ipv6_address_on_creation": false,
            "availability_zone": "us-east-1b",
            "availability_zone_id": "use1-az1",
            "cidr_block": "172.23.32.0/22",
            "customer_owned_ipv4_pool": "",
            "enable_dns64": false,
            "enable_resource_name_dns_a_record_on_launch": false,
            "enable_resource_name_dns_aaaa_record_on_launch": false,
            "id": "subnet-0df83470df83f7dd2",
            "ipv6_cidr_block": "",
            "ipv6_cidr_block_association_id": "",
            "ipv6_native": false,
            "map_customer_owned_ip_on_launch": false,
            "map_public_ip_on_launch": false,
            "outpost_arn": "",
            "owner_id": "512464434852",
            "private_dns_hostname_type_on_launch": "ip-name",
            "tags": {
              "Name": "caldera-test_private"
            },
            "tags_all": {
              "Name": "caldera-test_private"
            },
            "timeouts": null,
            "vpc_id": "vpc-0af5bee231f872c12"
          },
          "sensitive_attributes": [],
          "private": "eyJlMmJmYjczMC1lY2FhLTExZTYtOGY4OC0zNDM2M2JjN2M0YzAiOnsiY3JlYXRlIjo2MDAwMDAwMDAwMDAsImRlbGV0ZSI6MTIwMDAwMDAwMDAwMH0sInNjaGVtYV92ZXJzaW9uIjoiMSJ9",
          "dependencies": [
            "module.vpc.aws_vpc.this",
            "module.vpc.aws_vpc_ipv4_cidr_block_association.this"
          ]
        },
        {
          "index_key": 2,
          "schema_version": 1,
          "attributes": {
            "arn": "arn:aws:ec2:us-east-1:512464434852:subnet/subnet-0373c2b585edc4584",
            "assign_ipv6_address_on_creation": false,
            "availability_zone": "us-east-1c",
            "availability_zone_id": "use1-az2",
            "cidr_block": "172.23.64.0/22",
            "customer_owned_ipv4_pool": "",
            "enable_dns64": false,
            "enable_resource_name_dns_a_record_on_launch": false,
            "enable_resource_name_dns_aaaa_record_on_launch": false,
            "id": "subnet-0373c2b585edc4584",
            "ipv6_cidr_block": "",
            "ipv6_cidr_block_association_id": "",
            "ipv6_native": false,
            "map_customer_owned_ip_on_launch": false,
            "map_public_ip_on_launch": false,
            "outpost_arn": "",
            "owner_id": "512464434852",
            "private_dns_hostname_type_on_launch": "ip-name",
            "tags": {
              "Name": "caldera-test_private"
            },
            "tags_all": {
              "Name": "caldera-test_private"
            },
            "timeouts": null,
            "vpc_id": "vpc-0af5bee231f872c12"
          },
          "sensitive_attributes": [],
          "private": "eyJlMmJmYjczMC1lY2FhLTExZTYtOGY4OC0zNDM2M2JjN2M0YzAiOnsiY3JlYXRlIjo2MDAwMDAwMDAwMDAsImRlbGV0ZSI6MTIwMDAwMDAwMDAwMH0sInNjaGVtYV92ZXJzaW9uIjoiMSJ9",
          "dependencies": [
            "module.vpc.aws_vpc.this",
            "module.vpc.aws_vpc_ipv4_cidr_block_association.this"
          ]
        },
        {
          "index_key": 3,
          "schema_version": 1,
          "attributes": {
            "arn": "arn:aws:ec2:us-east-1:512464434852:subnet/subnet-0404b0a310ebf36a5",
            "assign_ipv6_address_on_creation": false,
            "availability_zone": "us-east-1d",
            "availability_zone_id": "use1-az4",
            "cidr_block": "172.23.96.0/22",
            "customer_owned_ipv4_pool": "",
            "enable_dns64": false,
            "enable_resource_name_dns_a_record_on_launch": false,
            "enable_resource_name_dns_aaaa_record_on_launch": false,
            "id": "subnet-0404b0a310ebf36a5",
            "ipv6_cidr_block": "",
            "ipv6_cidr_block_association_id": "",
            "ipv6_native": false,
            "map_customer_owned_ip_on_launch": false,
            "map_public_ip_on_launch": false,
            "outpost_arn": "",
            "owner_id": "512464434852",
            "private_dns_hostname_type_on_launch": "ip-name",
            "tags": {
              "Name": "caldera-test_private"
            },
            "tags_all": {
              "Name": "caldera-test_private"
            },
            "timeouts": null,
            "vpc_id": "vpc-0af5bee231f872c12"
          },
          "sensitive_attributes": [],
          "private": "eyJlMmJmYjczMC1lY2FhLTExZTYtOGY4OC0zNDM2M2JjN2M0YzAiOnsiY3JlYXRlIjo2MDAwMDAwMDAwMDAsImRlbGV0ZSI6MTIwMDAwMDAwMDAwMH0sInNjaGVtYV92ZXJzaW9uIjoiMSJ9",
          "dependencies": [
            "module.vpc.aws_vpc.this",
            "module.vpc.aws_vpc_ipv4_cidr_block_association.this"
          ]
        },
        {
          "index_key": 4,
          "schema_version": 1,
          "attributes": {
            "arn": "arn:aws:ec2:us-east-1:512464434852:subnet/subnet-075aca06620a4805d",
            "assign_ipv6_address_on_creation": false,
            "availability_zone": "us-east-1f",
            "availability_zone_id": "use1-az5",
            "cidr_block": "172.23.160.0/22",
            "customer_owned_ipv4_pool": "",
            "enable_dns64": false,
            "enable_resource_name_dns_a_record_on_launch": false,
            "enable_resource_name_dns_aaaa_record_on_launch": false,
            "id": "subnet-075aca06620a4805d",
            "ipv6_cidr_block": "",
            "ipv6_cidr_block_association_id": "",
            "ipv6_native": false,
            "map_customer_owned_ip_on_launch": false,
            "map_public_ip_on_launch": false,
            "outpost_arn": "",
            "owner_id": "512464434852",
            "private_dns_hostname_type_on_launch": "ip-name",
            "tags": {
              "Name": "caldera-test_private"
            },
            "tags_all": {
              "Name": "caldera-test_private"
            },
            "timeouts": null,
            "vpc_id": "vpc-0af5bee231f872c12"
          },
          "sensitive_attributes": [],
          "private": "eyJlMmJmYjczMC1lY2FhLTExZTYtOGY4OC0zNDM2M2JjN2M0YzAiOnsiY3JlYXRlIjo2MDAwMDAwMDAwMDAsImRlbGV0ZSI6MTIwMDAwMDAwMDAwMH0sInNjaGVtYV92ZXJzaW9uIjoiMSJ9",
          "dependencies": [
            "module.vpc.aws_vpc.this",
            "module.vpc.aws_vpc_ipv4_cidr_block_association.this"
          ]
        }
      ]
    },
    {
      "module": "module.vpc",
      "mode": "managed",
      "type": "aws_subnet",
      "name": "public",
      "provider": "provider[\"registry.terraform.io/hashicorp/aws\"]",
      "instances": [
        {
          "index_key": 0,
          "schema_version": 1,
          "attributes": {
            "arn": "arn:aws:ec2:us-east-1:512464434852:subnet/subnet-006e0e0d9f693ed52",
            "assign_ipv6_address_on_creation": false,
            "availability_zone": "us-east-1a",
            "availability_zone_id": "use1-az6",
            "cidr_block": "172.23.4.0/22",
            "customer_owned_ipv4_pool": "",
            "enable_dns64": false,
            "enable_resource_name_dns_a_record_on_launch": false,
            "enable_resource_name_dns_aaaa_record_on_launch": false,
            "id": "subnet-006e0e0d9f693ed52",
            "ipv6_cidr_block": "",
            "ipv6_cidr_block_association_id": "",
            "ipv6_native": false,
            "map_customer_owned_ip_on_launch": false,
            "map_public_ip_on_launch": true,
            "outpost_arn": "",
            "owner_id": "512464434852",
            "private_dns_hostname_type_on_launch": "ip-name",
            "tags": {
              "Name": "caldera-test_public"
            },
            "tags_all": {
              "Name": "caldera-test_public"
            },
            "timeouts": null,
            "vpc_id": "vpc-0af5bee231f872c12"
          },
          "sensitive_attributes": [],
          "private": "eyJlMmJmYjczMC1lY2FhLTExZTYtOGY4OC0zNDM2M2JjN2M0YzAiOnsiY3JlYXRlIjo2MDAwMDAwMDAwMDAsImRlbGV0ZSI6MTIwMDAwMDAwMDAwMH0sInNjaGVtYV92ZXJzaW9uIjoiMSJ9",
          "dependencies": [
            "module.vpc.aws_vpc.this",
            "module.vpc.aws_vpc_ipv4_cidr_block_association.this"
          ]
        },
        {
          "index_key": 1,
          "schema_version": 1,
          "attributes": {
            "arn": "arn:aws:ec2:us-east-1:512464434852:subnet/subnet-0f98c65fc54e0399d",
            "assign_ipv6_address_on_creation": false,
            "availability_zone": "us-east-1b",
            "availability_zone_id": "use1-az1",
            "cidr_block": "172.23.36.0/22",
            "customer_owned_ipv4_pool": "",
            "enable_dns64": false,
            "enable_resource_name_dns_a_record_on_launch": false,
            "enable_resource_name_dns_aaaa_record_on_launch": false,
            "id": "subnet-0f98c65fc54e0399d",
            "ipv6_cidr_block": "",
            "ipv6_cidr_block_association_id": "",
            "ipv6_native": false,
            "map_customer_owned_ip_on_launch": false,
            "map_public_ip_on_launch": true,
            "outpost_arn": "",
            "owner_id": "512464434852",
            "private_dns_hostname_type_on_launch": "ip-name",
            "tags": {
              "Name": "caldera-test_public"
            },
            "tags_all": {
              "Name": "caldera-test_public"
            },
            "timeouts": null,
            "vpc_id": "vpc-0af5bee231f872c12"
          },
          "sensitive_attributes": [],
          "private": "eyJlMmJmYjczMC1lY2FhLTExZTYtOGY4OC0zNDM2M2JjN2M0YzAiOnsiY3JlYXRlIjo2MDAwMDAwMDAwMDAsImRlbGV0ZSI6MTIwMDAwMDAwMDAwMH0sInNjaGVtYV92ZXJzaW9uIjoiMSJ9",
          "dependencies": [
            "module.vpc.aws_vpc.this",
            "module.vpc.aws_vpc_ipv4_cidr_block_association.this"
          ]
        },
        {
          "index_key": 2,
          "schema_version": 1,
          "attributes": {
            "arn": "arn:aws:ec2:us-east-1:512464434852:subnet/subnet-054dcdbff0b3bdec3",
            "assign_ipv6_address_on_creation": false,
            "availability_zone": "us-east-1c",
            "availability_zone_id": "use1-az2",
            "cidr_block": "172.23.68.0/22",
            "customer_owned_ipv4_pool": "",
            "enable_dns64": false,
            "enable_resource_name_dns_a_record_on_launch": false,
            "enable_resource_name_dns_aaaa_record_on_launch": false,
            "id": "subnet-054dcdbff0b3bdec3",
            "ipv6_cidr_block": "",
            "ipv6_cidr_block_association_id": "",
            "ipv6_native": false,
            "map_customer_owned_ip_on_launch": false,
            "map_public_ip_on_launch": true,
            "outpost_arn": "",
            "owner_id": "512464434852",
            "private_dns_hostname_type_on_launch": "ip-name",
            "tags": {
              "Name": "caldera-test_public"
            },
            "tags_all": {
              "Name": "caldera-test_public"
            },
            "timeouts": null,
            "vpc_id": "vpc-0af5bee231f872c12"
          },
          "sensitive_attributes": [],
          "private": "eyJlMmJmYjczMC1lY2FhLTExZTYtOGY4OC0zNDM2M2JjN2M0YzAiOnsiY3JlYXRlIjo2MDAwMDAwMDAwMDAsImRlbGV0ZSI6MTIwMDAwMDAwMDAwMH0sInNjaGVtYV92ZXJzaW9uIjoiMSJ9",
          "dependencies": [
            "module.vpc.aws_vpc.this",
            "module.vpc.aws_vpc_ipv4_cidr_block_association.this"
          ]
        },
        {
          "index_key": 3,
          "schema_version": 1,
          "attributes": {
            "arn": "arn:aws:ec2:us-east-1:512464434852:subnet/subnet-0b3f7e22c5ec62e36",
            "assign_ipv6_address_on_creation": false,
            "availability_zone": "us-east-1d",
            "availability_zone_id": "use1-az4",
            "cidr_block": "172.23.100.0/22",
            "customer_owned_ipv4_pool": "",
            "enable_dns64": false,
            "enable_resource_name_dns_a_record_on_launch": false,
            "enable_resource_name_dns_aaaa_record_on_launch": false,
            "id": "subnet-0b3f7e22c5ec62e36",
            "ipv6_cidr_block": "",
            "ipv6_cidr_block_association_id": "",
            "ipv6_native": false,
            "map_customer_owned_ip_on_launch": false,
            "map_public_ip_on_launch": true,
            "outpost_arn": "",
            "owner_id": "512464434852",
            "private_dns_hostname_type_on_launch": "ip-name",
            "tags": {
              "Name": "caldera-test_public"
            },
            "tags_all": {
              "Name": "caldera-test_public"
            },
            "timeouts": null,
            "vpc_id": "vpc-0af5bee231f872c12"
          },
          "sensitive_attributes": [],
          "private": "eyJlMmJmYjczMC1lY2FhLTExZTYtOGY4OC0zNDM2M2JjN2M0YzAiOnsiY3JlYXRlIjo2MDAwMDAwMDAwMDAsImRlbGV0ZSI6MTIwMDAwMDAwMDAwMH0sInNjaGVtYV92ZXJzaW9uIjoiMSJ9",
          "dependencies": [
            "module.vpc.aws_vpc.this",
            "module.vpc.aws_vpc_ipv4_cidr_block_association.this"
          ]
        },
        {
          "index_key": 4,
          "schema_version": 1,
          "attributes": {
            "arn": "arn:aws:ec2:us-east-1:512464434852:subnet/subnet-0519bcdbc343eb816",
            "assign_ipv6_address_on_creation": false,
            "availability_zone": "us-east-1f",
            "availability_zone_id": "use1-az5",
            "cidr_block": "172.23.164.0/22",
            "customer_owned_ipv4_pool": "",
            "enable_dns64": false,
            "enable_resource_name_dns_a_record_on_launch": false,
            "enable_resource_name_dns_aaaa_record_on_launch": false,
            "id": "subnet-0519bcdbc343eb816",
            "ipv6_cidr_block": "",
            "ipv6_cidr_block_association_id": "",
            "ipv6_native": false,
            "map_customer_owned_ip_on_launch": false,
            "map_public_ip_on_launch": true,
            "outpost_arn": "",
            "owner_id": "512464434852",
            "private_dns_hostname_type_on_launch": "ip-name",
            "tags": {
              "Name": "caldera-test_public"
            },
            "tags_all": {
              "Name": "caldera-test_public"
            },
            "timeouts": null,
            "vpc_id": "vpc-0af5bee231f872c12"
          },
          "sensitive_attributes": [],
          "private": "eyJlMmJmYjczMC1lY2FhLTExZTYtOGY4OC0zNDM2M2JjN2M0YzAiOnsiY3JlYXRlIjo2MDAwMDAwMDAwMDAsImRlbGV0ZSI6MTIwMDAwMDAwMDAwMH0sInNjaGVtYV92ZXJzaW9uIjoiMSJ9",
          "dependencies": [
            "module.vpc.aws_vpc.this",
            "module.vpc.aws_vpc_ipv4_cidr_block_association.this"
          ]
        }
      ]
    },
    {
      "module": "module.vpc",
      "mode": "managed",
      "type": "aws_vpc",
      "name": "this",
      "provider": "provider[\"registry.terraform.io/hashicorp/aws\"]",
      "instances": [
        {
          "index_key": 0,
          "schema_version": 1,
          "attributes": {
            "arn": "arn:aws:ec2:us-east-1:512464434852:vpc/vpc-0af5bee231f872c12",
            "assign_generated_ipv6_cidr_block": false,
            "cidr_block": "172.23.0.0/16",
            "default_network_acl_id": "acl-0ad5772e7571c9174",
            "default_route_table_id": "rtb-084c57690061add23",
            "default_security_group_id": "sg-0bb30bf39ebaf9db2",
            "dhcp_options_id": "dopt-01388de767b54ffda",
            "enable_classiclink": false,
            "enable_classiclink_dns_support": false,
            "enable_dns_hostnames": true,
            "enable_dns_support": true,
            "id": "vpc-0af5bee231f872c12",
            "instance_tenancy": "default",
            "ipv4_ipam_pool_id": null,
            "ipv4_netmask_length": null,
            "ipv6_association_id": "",
            "ipv6_cidr_block": "",
            "ipv6_cidr_block_network_border_group": "",
            "ipv6_ipam_pool_id": "",
            "ipv6_netmask_length": 0,
            "main_route_table_id": "rtb-084c57690061add23",
            "owner_id": "512464434852",
            "tags": {
              "Name": "VPC"
            },
            "tags_all": {
              "Name": "VPC"
            }
          },
          "sensitive_attributes": [],
          "private": "eyJzY2hlbWFfdmVyc2lvbiI6IjEifQ=="
        }
      ]
    }
  ]
}
