{
  "version": 4,
  "terraform_version": "1.2.4",
  "serial": 104,
  "lineage": "f7435abb-6a9e-875e-2f68-6a06687b3a50",
  "outputs": {
    "caldera_server_id": {
      "value": "i-0bb356f0ed9c295f8",
      "type": "string"
    },
    "caldera_server_ip": {
      "value": "54.86.223.112",
      "type": "string"
    },
    "linux_host_id": {
      "value": "i-00f3dcc22fd9955a2",
      "type": "string"
    },
    "linux_host_ip": {
      "value": "172.23.32.95",
      "type": "string"
    },
    "rsa_private_key": {
      "value": "-----BEGIN RSA PRIVATE KEY-----\nMIIJKAIBAAKCAgEAreF4xPYcQi6PwuuZtD3fbrFTBVblBXzKTMw9oUjd1glmIh4f\niWacLzbVqbsvAmQfyUSROSBJsnqcqcrmwh08rLCFzTCpQZSVhIb1+ZEjK+Z+XoII\nwrXiQYz0fg49vBPItZQDU0VrRVc4gH1V2ynB8qYbZEi277iHWG/tA3j0J4i4/3Je\ns/cJVyT38gE12QZOhY9ueWiObKki+MYwKOd/uleUs1nU8V7r0JeJGwqgAEH8yFJL\nE6xi/1K/M3ysh+cJD3qmsGrvLnbXeVvH1V4E+oewZDSmVyKjglCvV42OfGq7PRGT\naJ2EwIV64ZFDvJ0tg0g9ZuubzU4ZSG472XjQkSCp3liEUEoH0hkpgYLRhvPx8Xc/\nkqlNrvxLOGPm05HeEie9Jkjyt6gYMv8WBDYXxRBgbYAQ8NYKMq7XE8NE/BOSziH1\ns5+D3ymohALVn0BTkiPRAOu1cZlEIvtGAZ7s53nuliyWe7uHlPgqaBSrbQ/Jjrcd\nNVhXofp33LdlEsq/SlQ6njHRQ8jv9xB+BdMdnq0hDbHQY/fu3d9MQOxB0IzKaU9g\nhnrxEZokBJiXSE+bjD0ZIVoTmM5g4AV1EzNW/Kvk6hndNk7nSO9SuRrJ4GwcQAQK\ntkR7tXtJzhTKRnJDKW5SkwreX7/Gv1yk6yFh35kif8+W08hOa5kyyiVFDp8CAwEA\nAQKCAgBqfCVgwbPGmAs0fOJRbn7RpEjKgU+aD7U4WO/5QM2SEYl5pWb811kY1QT+\ngAKm/Tg2IwaorGxVoB8nIHo3MH6C50vZwE43Ok5ireAfaVHXxb1oFUxWKdsY98CX\nHhOSha8p/C4ZJe8utN6GWbtlj2oWNsGZpapannBMqabFtKIZP/LDhYAXyFbxBlPN\n4g3fDayywIcQVQa75szi+0RtGHCxZodLWt08wDu8L8EoTVZ1MfQjnboanzy1TjCH\n0Hc8dzGmSB+i9Knrk54b1ShJM93qq4RLqa6guDbYTJ9FCAzVhuuJ16Slsaml2VjK\noRKRhNRljK0FxY5Rqd1z7QY8BW/8HYEr7Budv2JZBDJhWVpXG4b3KO6HSd1viv3F\nrzscdMSDl0TzuKAc983/r0cLyiXN//CfwF0oUvdR7UY1nfeGpRoBgaZ2uHS4YbA7\nerr7vdRl9Da+Y6TyEooYO3O+0kmfwdpPpizTklr2tD2eESa6HQ09v/SJ9eRBdb3b\nhgE+QjR9YoNVJGQHS13kqU63cOTqA6+bI3m6xhOB4d5TJQL5MHXZG0EcCAZj91+4\nzPTKu0COVRcY5RrW8AHFdnWgF4kPOe8Voe8ILFHSZi4bWbfSul6LRD5d1FTt7SE5\n6+wG3ACmNXEvxOqOIwlRIuo2yN2a46/jWEaqTMFM+v57NM7TyQKCAQEA5GWV86j+\noyyDGmHuxBASPtGEvnlH4oc6OOgb72IS7R6ttwCrEZl4L2DMWcvKvunqUxjcZvlU\n4bGM8nEH+PJurSlfsCZhCKX9snTda3n0XTMKbm4b/iG7wrYuWoPXbg/CEwaR3ibh\nNrhwBnA5JopqPz/SLTC2lt8bjJiKNi1GNpC+7ByHqkwJrCKjXnE/xt2RIBe8IfaV\n9YjfPSJipVTDZZyOQBIu6eB1t+2Ie3H8cblNG+FzLr9KdUhZsx6QwrmJx7i0pGJP\nP4rnUxxgYQwjiSJWQZGrD/Twe5SJW0QQ7mDqH+e1I2ErLlLqpNvZZFGKJr+L+pY9\nt0urJs/3+b0LrQKCAQEAwuUz2n9xwS+3/oJYHAr3AF3dODSoS40fsNlrz0kYvmiN\ntD+5jkNDkSpRm5IkLemFW9grMhPIuwZ0gMp5zhqfOvHc8opWShLPcZ+A1llS2Kpd\nKQRmU1zOZGKaQRgh0nWpVm/JKX7ETzN4ju95NyHDECx9qJVSMwnCvNeaRrWwepLn\n87MPNwxrtYBiHA0jiIHInw7ZkC1MHpBfnaCLydsr1kzDHUYELhZhqZY0mBZDqEic\naSn3e2ztOvp/i9U6JTBKBKF5MrtEXlHsIajS83IzfJmZuvYZgfTNi67EuhlA3L7T\nh1fBbHjHQarqEK+0OsfwjoEXLjSFvcLv0wER0aiM+wKCAQEAnk2K0YegdpizheW7\nCEnbW4784shM+sWfpTG7qv/e/lr1LJJZ/6jPlIcTHGoT7J9UuqPQn87Q9l2Jw8B0\nNihSbdLvb7gqKURjwv0dOxEcPjzSThgjbtESwrJjDnmzJ6XkbitvjvqDvtm3S78c\n3YmyeoRRuOC6rXeWMKzJnyNiNw+8RQrBPVfWnGilsx/rhHqtzACndSLkbXqgwE7E\n8LL/e743GlGAErpw3TrWDjnDL0+wElMA8rXDdebfxTa6Pz06MiPjkMxTAUfVbdWN\nN7aiKrqR7oB4gGbVB9K8IXXcBl1F6TdAZXVD6Kev2vRGiTG6/4BkFRttS043In+i\n8IYHQQKCAQA2QqXLIUxEYsqxGwz40byu53MdoNtyHVpDXGT9kvZGnMlG867vgp6f\nHc8WpvtXpPox9d8g1A1AtK1e5gA/d335ZTkEdatMeCw1EBlIlBnSpKvHLahncSEt\nJZ6YnOVduNBqdjjlSpvRCR15fgabaNTr/dcGRnxaJU+IT+Zt5Uu69IeLe8CyrMyX\n/aRS9v17ldaLIhFEaLgWkk9sjTQeAN0Vjs2LquCjDCwokN8XsKspgP268aorPMpX\nb0JvZfAIRod0/pfFngmM0PYS8PO6P4NCH2mDedzkJ4nKZ9/xh/JdAuvVdIMvdfjT\nuYftGV3uN5grtJkFji3mBQ3MCzIw0uJdAoIBAAm8WZ4VC2cZJsCuw7FvvdlzdYzK\nIBO4tml8R1yGSvNB3Y17I6+VJJlS+KFBTCvBywlmuMLixiin5f6TR642Nup865Jn\ndtFyo/FT33MvajOXlvza2QOels+hPc6B+cGAtXNOKiv7ZgbnsVDDGKk47uDWO3ZS\nNVWb/gnXX7FpmbEmUMzkTNZNuFQa7pCd+XbCa8DwGNAcxNFcNtuKa6Xx/bzW98YG\nt/RXLcnVqCI2fLwCIlCVhQzRqWJf+JISqDs7bMiVPKkR95y5yTPvbNKaLtYJDPey\n3fqzBM1V/VUxsJfJl+Scm4pBKl4gjJ15ouPzrFXQx5Vt8JDK+J8jOmdVf4o=\n-----END RSA PRIVATE KEY-----\n",
      "type": "string"
    },
    "windows_host_id": {
      "value": "i-0b943118e746e65fa",
      "type": "string"
    },
    "windows_host_ip": {
      "value": "172.23.64.95",
      "type": "string"
    }
  },
  "resources": [
    {
      "mode": "managed",
      "type": "aws_instance",
      "name": "caldera_server",
      "provider": "provider[\"registry.terraform.io/hashicorp/aws\"]",
      "instances": [
        {
          "schema_version": 1,
          "attributes": {
            "ami": "ami-09d56f8956ab235b3",
            "arn": "arn:aws:ec2:us-east-1:857120324933:instance/i-0bb356f0ed9c295f8",
            "associate_public_ip_address": true,
            "availability_zone": "us-east-1a",
            "capacity_reservation_specification": [
              {
                "capacity_reservation_preference": "open",
                "capacity_reservation_target": []
              }
            ],
            "cpu_core_count": 1,
            "cpu_threads_per_core": 2,
            "credit_specification": [
              {
                "cpu_credits": "unlimited"
              }
            ],
            "disable_api_stop": false,
            "disable_api_termination": false,
            "ebs_block_device": [],
            "ebs_optimized": false,
            "enclave_options": [
              {
                "enabled": false
              }
            ],
            "ephemeral_block_device": [],
            "get_password_data": false,
            "hibernation": false,
            "host_id": null,
            "iam_instance_profile": "",
            "id": "i-0bb356f0ed9c295f8",
            "instance_initiated_shutdown_behavior": "stop",
            "instance_state": "running",
            "instance_type": "t3.medium",
            "ipv6_address_count": 0,
            "ipv6_addresses": [],
            "key_name": "caldera-nodes",
            "launch_template": [],
            "maintenance_options": [
              {
                "auto_recovery": "default"
              }
            ],
            "metadata_options": [
              {
                "http_endpoint": "enabled",
                "http_put_response_hop_limit": 1,
                "http_tokens": "optional",
                "instance_metadata_tags": "disabled"
              }
            ],
            "monitoring": false,
            "network_interface": [],
            "outpost_arn": "",
            "password_data": "",
            "placement_group": "",
            "placement_partition_number": null,
            "primary_network_interface_id": "eni-0e9747a99455a9514",
            "private_dns": "ip-172-23-4-95.ec2.internal",
            "private_dns_name_options": [
              {
                "enable_resource_name_dns_a_record": false,
                "enable_resource_name_dns_aaaa_record": false,
                "hostname_type": "ip-name"
              }
            ],
            "private_ip": "172.23.4.95",
            "public_dns": "ec2-54-86-223-112.compute-1.amazonaws.com",
            "public_ip": "54.86.223.112",
            "root_block_device": [
              {
                "delete_on_termination": true,
                "device_name": "/dev/sda1",
                "encrypted": false,
                "iops": 100,
                "kms_key_id": "",
                "tags": {},
                "throughput": 0,
                "volume_id": "vol-0a7c23494c26b9457",
                "volume_size": 8,
                "volume_type": "gp2"
              }
            ],
            "secondary_private_ips": [],
            "security_groups": [],
            "source_dest_check": true,
            "subnet_id": "subnet-07c79efa5d30d7f73",
            "tags": {
              "Name": "caldera_server",
              "environment": "caldera-test"
            },
            "tags_all": {
              "Name": "caldera_server",
              "environment": "caldera-test"
            },
            "tenancy": "default",
            "timeouts": null,
            "user_data": null,
            "user_data_base64": null,
            "user_data_replace_on_change": false,
            "volume_tags": null,
            "vpc_security_group_ids": [
              "sg-03e832dd9e2057d13"
            ]
          },
          "sensitive_attributes": [],
          "private": "eyJlMmJmYjczMC1lY2FhLTExZTYtOGY4OC0zNDM2M2JjN2M0YzAiOnsiY3JlYXRlIjo2MDAwMDAwMDAwMDAsImRlbGV0ZSI6MTIwMDAwMDAwMDAwMCwidXBkYXRlIjo2MDAwMDAwMDAwMDB9LCJzY2hlbWFfdmVyc2lvbiI6IjEifQ==",
          "dependencies": [
            "aws_security_group.sg_caldera_server",
            "module.aws_rsa_key.aws_key_pair.worker",
            "module.aws_rsa_key.local_file.ssh_local",
            "module.aws_rsa_key.tls_private_key.ssh_key",
            "module.vpc.aws_cloudwatch_log_group.flow_log",
            "module.vpc.aws_customer_gateway.this",
            "module.vpc.aws_db_subnet_group.database",
            "module.vpc.aws_default_network_acl.this",
            "module.vpc.aws_default_route_table.default",
            "module.vpc.aws_default_security_group.this",
            "module.vpc.aws_default_vpc.this",
            "module.vpc.aws_egress_only_internet_gateway.this",
            "module.vpc.aws_eip.nat",
            "module.vpc.aws_elasticache_subnet_group.elasticache",
            "module.vpc.aws_flow_log.this",
            "module.vpc.aws_iam_policy.vpc_flow_log_cloudwatch",
            "module.vpc.aws_iam_role.vpc_flow_log_cloudwatch",
            "module.vpc.aws_iam_role_policy_attachment.vpc_flow_log_cloudwatch",
            "module.vpc.aws_internet_gateway.this",
            "module.vpc.aws_nat_gateway.this",
            "module.vpc.aws_network_acl.database",
            "module.vpc.aws_network_acl.elasticache",
            "module.vpc.aws_network_acl.intra",
            "module.vpc.aws_network_acl.outpost",
            "module.vpc.aws_network_acl.private",
            "module.vpc.aws_network_acl.public",
            "module.vpc.aws_network_acl.redshift",
            "module.vpc.aws_network_acl_rule.database_inbound",
            "module.vpc.aws_network_acl_rule.database_outbound",
            "module.vpc.aws_network_acl_rule.elasticache_inbound",
            "module.vpc.aws_network_acl_rule.elasticache_outbound",
            "module.vpc.aws_network_acl_rule.intra_inbound",
            "module.vpc.aws_network_acl_rule.intra_outbound",
            "module.vpc.aws_network_acl_rule.outpost_inbound",
            "module.vpc.aws_network_acl_rule.outpost_outbound",
            "module.vpc.aws_network_acl_rule.private_inbound",
            "module.vpc.aws_network_acl_rule.private_outbound",
            "module.vpc.aws_network_acl_rule.public_inbound",
            "module.vpc.aws_network_acl_rule.public_outbound",
            "module.vpc.aws_network_acl_rule.redshift_inbound",
            "module.vpc.aws_network_acl_rule.redshift_outbound",
            "module.vpc.aws_redshift_subnet_group.redshift",
            "module.vpc.aws_route.database_internet_gateway",
            "module.vpc.aws_route.database_ipv6_egress",
            "module.vpc.aws_route.database_nat_gateway",
            "module.vpc.aws_route.private_ipv6_egress",
            "module.vpc.aws_route.private_nat_gateway",
            "module.vpc.aws_route.public_internet_gateway",
            "module.vpc.aws_route.public_internet_gateway_ipv6",
            "module.vpc.aws_route_table.database",
            "module.vpc.aws_route_table.elasticache",
            "module.vpc.aws_route_table.intra",
            "module.vpc.aws_route_table.private",
            "module.vpc.aws_route_table.public",
            "module.vpc.aws_route_table.redshift",
            "module.vpc.aws_route_table_association.database",
            "module.vpc.aws_route_table_association.elasticache",
            "module.vpc.aws_route_table_association.intra",
            "module.vpc.aws_route_table_association.outpost",
            "module.vpc.aws_route_table_association.private",
            "module.vpc.aws_route_table_association.public",
            "module.vpc.aws_route_table_association.redshift",
            "module.vpc.aws_route_table_association.redshift_public",
            "module.vpc.aws_subnet.database",
            "module.vpc.aws_subnet.elasticache",
            "module.vpc.aws_subnet.intra",
            "module.vpc.aws_subnet.outpost",
            "module.vpc.aws_subnet.private",
            "module.vpc.aws_subnet.public",
            "module.vpc.aws_subnet.redshift",
            "module.vpc.aws_vpc.this",
            "module.vpc.aws_vpc_dhcp_options.this",
            "module.vpc.aws_vpc_dhcp_options_association.this",
            "module.vpc.aws_vpc_ipv4_cidr_block_association.this",
            "module.vpc.aws_vpn_gateway.this",
            "module.vpc.aws_vpn_gateway_attachment.this",
            "module.vpc.aws_vpn_gateway_route_propagation.intra",
            "module.vpc.aws_vpn_gateway_route_propagation.private",
            "module.vpc.aws_vpn_gateway_route_propagation.public",
            "module.vpc.data.aws_iam_policy_document.flow_log_cloudwatch_assume_role",
            "module.vpc.data.aws_iam_policy_document.vpc_flow_log_cloudwatch"
          ]
        }
      ]
    },
    {
      "mode": "managed",
      "type": "aws_instance",
      "name": "linux_host",
      "provider": "provider[\"registry.terraform.io/hashicorp/aws\"]",
      "instances": [
        {
          "schema_version": 1,
          "attributes": {
            "ami": "ami-09d56f8956ab235b3",
            "arn": "arn:aws:ec2:us-east-1:857120324933:instance/i-00f3dcc22fd9955a2",
            "associate_public_ip_address": false,
            "availability_zone": "us-east-1b",
            "capacity_reservation_specification": [
              {
                "capacity_reservation_preference": "open",
                "capacity_reservation_target": []
              }
            ],
            "cpu_core_count": 1,
            "cpu_threads_per_core": 1,
            "credit_specification": [
              {
                "cpu_credits": "standard"
              }
            ],
            "disable_api_stop": false,
            "disable_api_termination": false,
            "ebs_block_device": [],
            "ebs_optimized": false,
            "enclave_options": [
              {
                "enabled": false
              }
            ],
            "ephemeral_block_device": [],
            "get_password_data": false,
            "hibernation": false,
            "host_id": null,
            "iam_instance_profile": "",
            "id": "i-00f3dcc22fd9955a2",
            "instance_initiated_shutdown_behavior": "stop",
            "instance_state": "running",
            "instance_type": "t2.small",
            "ipv6_address_count": 0,
            "ipv6_addresses": [],
            "key_name": "caldera-nodes",
            "launch_template": [],
            "maintenance_options": [
              {
                "auto_recovery": "default"
              }
            ],
            "metadata_options": [
              {
                "http_endpoint": "enabled",
                "http_put_response_hop_limit": 1,
                "http_tokens": "optional",
                "instance_metadata_tags": "disabled"
              }
            ],
            "monitoring": false,
            "network_interface": [],
            "outpost_arn": "",
            "password_data": "",
            "placement_group": "",
            "placement_partition_number": null,
            "primary_network_interface_id": "eni-0005ef0ab89383c4a",
            "private_dns": "ip-172-23-32-95.ec2.internal",
            "private_dns_name_options": [
              {
                "enable_resource_name_dns_a_record": false,
                "enable_resource_name_dns_aaaa_record": false,
                "hostname_type": "ip-name"
              }
            ],
            "private_ip": "172.23.32.95",
            "public_dns": "",
            "public_ip": "",
            "root_block_device": [
              {
                "delete_on_termination": true,
                "device_name": "/dev/sda1",
                "encrypted": false,
                "iops": 100,
                "kms_key_id": "",
                "tags": {},
                "throughput": 0,
                "volume_id": "vol-0f4d97e1b80c4984f",
                "volume_size": 8,
                "volume_type": "gp2"
              }
            ],
            "secondary_private_ips": [],
            "security_groups": [],
            "source_dest_check": true,
            "subnet_id": "subnet-026a2738da305dd65",
            "tags": {
              "Name": "linux_host",
              "environment": "caldera-test"
            },
            "tags_all": {
              "Name": "linux_host",
              "environment": "caldera-test"
            },
            "tenancy": "default",
            "timeouts": null,
            "user_data": "fdc7549097cdeb45a7128c3bf01cf54fec108a52",
            "user_data_base64": null,
            "user_data_replace_on_change": false,
            "volume_tags": null,
            "vpc_security_group_ids": [
              "sg-08c52dc647c1be9e6"
            ]
          },
          "sensitive_attributes": [],
          "private": "eyJlMmJmYjczMC1lY2FhLTExZTYtOGY4OC0zNDM2M2JjN2M0YzAiOnsiY3JlYXRlIjo2MDAwMDAwMDAwMDAsImRlbGV0ZSI6MTIwMDAwMDAwMDAwMCwidXBkYXRlIjo2MDAwMDAwMDAwMDB9LCJzY2hlbWFfdmVyc2lvbiI6IjEifQ==",
          "dependencies": [
            "aws_instance.caldera_server",
            "aws_security_group.sg_caldera_linux",
            "module.aws_rsa_key.aws_key_pair.worker",
            "module.aws_rsa_key.local_file.ssh_local",
            "module.aws_rsa_key.tls_private_key.ssh_key",
            "module.vpc.aws_cloudwatch_log_group.flow_log",
            "module.vpc.aws_customer_gateway.this",
            "module.vpc.aws_db_subnet_group.database",
            "module.vpc.aws_default_network_acl.this",
            "module.vpc.aws_default_route_table.default",
            "module.vpc.aws_default_security_group.this",
            "module.vpc.aws_default_vpc.this",
            "module.vpc.aws_egress_only_internet_gateway.this",
            "module.vpc.aws_eip.nat",
            "module.vpc.aws_elasticache_subnet_group.elasticache",
            "module.vpc.aws_flow_log.this",
            "module.vpc.aws_iam_policy.vpc_flow_log_cloudwatch",
            "module.vpc.aws_iam_role.vpc_flow_log_cloudwatch",
            "module.vpc.aws_iam_role_policy_attachment.vpc_flow_log_cloudwatch",
            "module.vpc.aws_internet_gateway.this",
            "module.vpc.aws_nat_gateway.this",
            "module.vpc.aws_network_acl.database",
            "module.vpc.aws_network_acl.elasticache",
            "module.vpc.aws_network_acl.intra",
            "module.vpc.aws_network_acl.outpost",
            "module.vpc.aws_network_acl.private",
            "module.vpc.aws_network_acl.public",
            "module.vpc.aws_network_acl.redshift",
            "module.vpc.aws_network_acl_rule.database_inbound",
            "module.vpc.aws_network_acl_rule.database_outbound",
            "module.vpc.aws_network_acl_rule.elasticache_inbound",
            "module.vpc.aws_network_acl_rule.elasticache_outbound",
            "module.vpc.aws_network_acl_rule.intra_inbound",
            "module.vpc.aws_network_acl_rule.intra_outbound",
            "module.vpc.aws_network_acl_rule.outpost_inbound",
            "module.vpc.aws_network_acl_rule.outpost_outbound",
            "module.vpc.aws_network_acl_rule.private_inbound",
            "module.vpc.aws_network_acl_rule.private_outbound",
            "module.vpc.aws_network_acl_rule.public_inbound",
            "module.vpc.aws_network_acl_rule.public_outbound",
            "module.vpc.aws_network_acl_rule.redshift_inbound",
            "module.vpc.aws_network_acl_rule.redshift_outbound",
            "module.vpc.aws_redshift_subnet_group.redshift",
            "module.vpc.aws_route.database_internet_gateway",
            "module.vpc.aws_route.database_ipv6_egress",
            "module.vpc.aws_route.database_nat_gateway",
            "module.vpc.aws_route.private_ipv6_egress",
            "module.vpc.aws_route.private_nat_gateway",
            "module.vpc.aws_route.public_internet_gateway",
            "module.vpc.aws_route.public_internet_gateway_ipv6",
            "module.vpc.aws_route_table.database",
            "module.vpc.aws_route_table.elasticache",
            "module.vpc.aws_route_table.intra",
            "module.vpc.aws_route_table.private",
            "module.vpc.aws_route_table.public",
            "module.vpc.aws_route_table.redshift",
            "module.vpc.aws_route_table_association.database",
            "module.vpc.aws_route_table_association.elasticache",
            "module.vpc.aws_route_table_association.intra",
            "module.vpc.aws_route_table_association.outpost",
            "module.vpc.aws_route_table_association.private",
            "module.vpc.aws_route_table_association.public",
            "module.vpc.aws_route_table_association.redshift",
            "module.vpc.aws_route_table_association.redshift_public",
            "module.vpc.aws_subnet.database",
            "module.vpc.aws_subnet.elasticache",
            "module.vpc.aws_subnet.intra",
            "module.vpc.aws_subnet.outpost",
            "module.vpc.aws_subnet.private",
            "module.vpc.aws_subnet.public",
            "module.vpc.aws_subnet.redshift",
            "module.vpc.aws_vpc.this",
            "module.vpc.aws_vpc_dhcp_options.this",
            "module.vpc.aws_vpc_dhcp_options_association.this",
            "module.vpc.aws_vpc_ipv4_cidr_block_association.this",
            "module.vpc.aws_vpn_gateway.this",
            "module.vpc.aws_vpn_gateway_attachment.this",
            "module.vpc.aws_vpn_gateway_route_propagation.intra",
            "module.vpc.aws_vpn_gateway_route_propagation.private",
            "module.vpc.aws_vpn_gateway_route_propagation.public",
            "module.vpc.data.aws_iam_policy_document.flow_log_cloudwatch_assume_role",
            "module.vpc.data.aws_iam_policy_document.vpc_flow_log_cloudwatch"
          ]
        }
      ]
    },
    {
      "mode": "managed",
      "type": "aws_instance",
      "name": "windows_host",
      "provider": "provider[\"registry.terraform.io/hashicorp/aws\"]",
      "instances": [
        {
          "schema_version": 1,
          "attributes": {
            "ami": "ami-0193dcf9aa4f5654e",
            "arn": "arn:aws:ec2:us-east-1:857120324933:instance/i-0b943118e746e65fa",
            "associate_public_ip_address": false,
            "availability_zone": "us-east-1c",
            "capacity_reservation_specification": [
              {
                "capacity_reservation_preference": "open",
                "capacity_reservation_target": []
              }
            ],
            "cpu_core_count": 1,
            "cpu_threads_per_core": 2,
            "credit_specification": [
              {
                "cpu_credits": "unlimited"
              }
            ],
            "disable_api_stop": false,
            "disable_api_termination": false,
            "ebs_block_device": [],
            "ebs_optimized": false,
            "enclave_options": [
              {
                "enabled": false
              }
            ],
            "ephemeral_block_device": [],
            "get_password_data": false,
            "hibernation": false,
            "host_id": null,
            "iam_instance_profile": "",
            "id": "i-0b943118e746e65fa",
            "instance_initiated_shutdown_behavior": "stop",
            "instance_state": "running",
            "instance_type": "t3.medium",
            "ipv6_address_count": 0,
            "ipv6_addresses": [],
            "key_name": "caldera-nodes",
            "launch_template": [],
            "maintenance_options": [
              {
                "auto_recovery": "default"
              }
            ],
            "metadata_options": [
              {
                "http_endpoint": "enabled",
                "http_put_response_hop_limit": 1,
                "http_tokens": "optional",
                "instance_metadata_tags": "disabled"
              }
            ],
            "monitoring": false,
            "network_interface": [],
            "outpost_arn": "",
            "password_data": "",
            "placement_group": "",
            "placement_partition_number": null,
            "primary_network_interface_id": "eni-094c53335d86fe2d0",
            "private_dns": "ip-172-23-64-95.ec2.internal",
            "private_dns_name_options": [
              {
                "enable_resource_name_dns_a_record": false,
                "enable_resource_name_dns_aaaa_record": false,
                "hostname_type": "ip-name"
              }
            ],
            "private_ip": "172.23.64.95",
            "public_dns": "",
            "public_ip": "",
            "root_block_device": [
              {
                "delete_on_termination": true,
                "device_name": "/dev/sda1",
                "encrypted": false,
                "iops": 100,
                "kms_key_id": "",
                "tags": {},
                "throughput": 0,
                "volume_id": "vol-06e9f108a1a2af0f4",
                "volume_size": 30,
                "volume_type": "gp2"
              }
            ],
            "secondary_private_ips": [],
            "security_groups": [],
            "source_dest_check": true,
            "subnet_id": "subnet-080ff60ba8d9683f4",
            "tags": {
              "Name": "windows_host",
              "environment": "caldera-test"
            },
            "tags_all": {
              "Name": "windows_host",
              "environment": "caldera-test"
            },
            "tenancy": "default",
            "timeouts": null,
            "user_data": "8d2cac9cfbb35aa92861f612274d1f1f6848e59c",
            "user_data_base64": null,
            "user_data_replace_on_change": false,
            "volume_tags": null,
            "vpc_security_group_ids": [
              "sg-074081a193e5b6d39"
            ]
          },
          "sensitive_attributes": [],
          "private": "eyJlMmJmYjczMC1lY2FhLTExZTYtOGY4OC0zNDM2M2JjN2M0YzAiOnsiY3JlYXRlIjo2MDAwMDAwMDAwMDAsImRlbGV0ZSI6MTIwMDAwMDAwMDAwMCwidXBkYXRlIjo2MDAwMDAwMDAwMDB9LCJzY2hlbWFfdmVyc2lvbiI6IjEifQ==",
          "dependencies": [
            "aws_instance.caldera_server",
            "aws_security_group.sg_caldera_windows",
            "module.aws_rsa_key.aws_key_pair.worker",
            "module.aws_rsa_key.local_file.ssh_local",
            "module.aws_rsa_key.tls_private_key.ssh_key",
            "module.vpc.aws_cloudwatch_log_group.flow_log",
            "module.vpc.aws_customer_gateway.this",
            "module.vpc.aws_db_subnet_group.database",
            "module.vpc.aws_default_network_acl.this",
            "module.vpc.aws_default_route_table.default",
            "module.vpc.aws_default_security_group.this",
            "module.vpc.aws_default_vpc.this",
            "module.vpc.aws_egress_only_internet_gateway.this",
            "module.vpc.aws_eip.nat",
            "module.vpc.aws_elasticache_subnet_group.elasticache",
            "module.vpc.aws_flow_log.this",
            "module.vpc.aws_iam_policy.vpc_flow_log_cloudwatch",
            "module.vpc.aws_iam_role.vpc_flow_log_cloudwatch",
            "module.vpc.aws_iam_role_policy_attachment.vpc_flow_log_cloudwatch",
            "module.vpc.aws_internet_gateway.this",
            "module.vpc.aws_nat_gateway.this",
            "module.vpc.aws_network_acl.database",
            "module.vpc.aws_network_acl.elasticache",
            "module.vpc.aws_network_acl.intra",
            "module.vpc.aws_network_acl.outpost",
            "module.vpc.aws_network_acl.private",
            "module.vpc.aws_network_acl.public",
            "module.vpc.aws_network_acl.redshift",
            "module.vpc.aws_network_acl_rule.database_inbound",
            "module.vpc.aws_network_acl_rule.database_outbound",
            "module.vpc.aws_network_acl_rule.elasticache_inbound",
            "module.vpc.aws_network_acl_rule.elasticache_outbound",
            "module.vpc.aws_network_acl_rule.intra_inbound",
            "module.vpc.aws_network_acl_rule.intra_outbound",
            "module.vpc.aws_network_acl_rule.outpost_inbound",
            "module.vpc.aws_network_acl_rule.outpost_outbound",
            "module.vpc.aws_network_acl_rule.private_inbound",
            "module.vpc.aws_network_acl_rule.private_outbound",
            "module.vpc.aws_network_acl_rule.public_inbound",
            "module.vpc.aws_network_acl_rule.public_outbound",
            "module.vpc.aws_network_acl_rule.redshift_inbound",
            "module.vpc.aws_network_acl_rule.redshift_outbound",
            "module.vpc.aws_redshift_subnet_group.redshift",
            "module.vpc.aws_route.database_internet_gateway",
            "module.vpc.aws_route.database_ipv6_egress",
            "module.vpc.aws_route.database_nat_gateway",
            "module.vpc.aws_route.private_ipv6_egress",
            "module.vpc.aws_route.private_nat_gateway",
            "module.vpc.aws_route.public_internet_gateway",
            "module.vpc.aws_route.public_internet_gateway_ipv6",
            "module.vpc.aws_route_table.database",
            "module.vpc.aws_route_table.elasticache",
            "module.vpc.aws_route_table.intra",
            "module.vpc.aws_route_table.private",
            "module.vpc.aws_route_table.public",
            "module.vpc.aws_route_table.redshift",
            "module.vpc.aws_route_table_association.database",
            "module.vpc.aws_route_table_association.elasticache",
            "module.vpc.aws_route_table_association.intra",
            "module.vpc.aws_route_table_association.outpost",
            "module.vpc.aws_route_table_association.private",
            "module.vpc.aws_route_table_association.public",
            "module.vpc.aws_route_table_association.redshift",
            "module.vpc.aws_route_table_association.redshift_public",
            "module.vpc.aws_subnet.database",
            "module.vpc.aws_subnet.elasticache",
            "module.vpc.aws_subnet.intra",
            "module.vpc.aws_subnet.outpost",
            "module.vpc.aws_subnet.private",
            "module.vpc.aws_subnet.public",
            "module.vpc.aws_subnet.redshift",
            "module.vpc.aws_vpc.this",
            "module.vpc.aws_vpc_dhcp_options.this",
            "module.vpc.aws_vpc_dhcp_options_association.this",
            "module.vpc.aws_vpc_ipv4_cidr_block_association.this",
            "module.vpc.aws_vpn_gateway.this",
            "module.vpc.aws_vpn_gateway_attachment.this",
            "module.vpc.aws_vpn_gateway_route_propagation.intra",
            "module.vpc.aws_vpn_gateway_route_propagation.private",
            "module.vpc.aws_vpn_gateway_route_propagation.public",
            "module.vpc.data.aws_iam_policy_document.flow_log_cloudwatch_assume_role",
            "module.vpc.data.aws_iam_policy_document.vpc_flow_log_cloudwatch"
          ]
        }
      ]
    },
    {
      "mode": "managed",
      "type": "aws_security_group",
      "name": "sg_caldera_linux",
      "provider": "provider[\"registry.terraform.io/hashicorp/aws\"]",
      "instances": [
        {
          "schema_version": 1,
          "attributes": {
            "arn": "arn:aws:ec2:us-east-1:857120324933:security-group/sg-08c52dc647c1be9e6",
            "description": "Allow ssh access for linux host",
            "egress": [
              {
                "cidr_blocks": [
                  "0.0.0.0/0"
                ],
                "description": "",
                "from_port": 0,
                "ipv6_cidr_blocks": [],
                "prefix_list_ids": [],
                "protocol": "-1",
                "security_groups": [],
                "self": false,
                "to_port": 0
              }
            ],
            "id": "sg-08c52dc647c1be9e6",
            "ingress": [
              {
                "cidr_blocks": [
                  "172.23.0.0/16"
                ],
                "description": "SSH port",
                "from_port": 22,
                "ipv6_cidr_blocks": [],
                "prefix_list_ids": [],
                "protocol": "tcp",
                "security_groups": [],
                "self": false,
                "to_port": 22
              }
            ],
            "name": "sg_caldera_linux",
            "name_prefix": "",
            "owner_id": "857120324933",
            "revoke_rules_on_delete": false,
            "tags": {
              "environment": "caldera-test"
            },
            "tags_all": {
              "environment": "caldera-test"
            },
            "timeouts": null,
            "vpc_id": "vpc-00b4a9336ca393912"
          },
          "sensitive_attributes": [],
          "private": "eyJlMmJmYjczMC1lY2FhLTExZTYtOGY4OC0zNDM2M2JjN2M0YzAiOnsiY3JlYXRlIjo2MDAwMDAwMDAwMDAsImRlbGV0ZSI6OTAwMDAwMDAwMDAwfSwic2NoZW1hX3ZlcnNpb24iOiIxIn0=",
          "dependencies": [
            "module.vpc.aws_vpc.this"
          ]
        }
      ]
    },
    {
      "mode": "managed",
      "type": "aws_security_group",
      "name": "sg_caldera_server",
      "provider": "provider[\"registry.terraform.io/hashicorp/aws\"]",
      "instances": [
        {
          "schema_version": 1,
          "attributes": {
            "arn": "arn:aws:ec2:us-east-1:857120324933:security-group/sg-03e832dd9e2057d13",
            "description": "Allow ports for caldera server",
            "egress": [
              {
                "cidr_blocks": [
                  "0.0.0.0/0"
                ],
                "description": "",
                "from_port": 0,
                "ipv6_cidr_blocks": [],
                "prefix_list_ids": [],
                "protocol": "-1",
                "security_groups": [],
                "self": false,
                "to_port": 0
              }
            ],
            "id": "sg-03e832dd9e2057d13",
            "ingress": [
              {
                "cidr_blocks": [
                  "0.0.0.0/0"
                ],
                "description": "Caldera server port",
                "from_port": 2288,
                "ipv6_cidr_blocks": [],
                "prefix_list_ids": [],
                "protocol": "tcp",
                "security_groups": [],
                "self": false,
                "to_port": 2288
              },
              {
                "cidr_blocks": [
                  "0.0.0.0/0"
                ],
                "description": "SSH from VPC",
                "from_port": 22,
                "ipv6_cidr_blocks": [],
                "prefix_list_ids": [],
                "protocol": "tcp",
                "security_groups": [],
                "self": false,
                "to_port": 22
              }
            ],
            "name": "sg_caldera_server",
            "name_prefix": "",
            "owner_id": "857120324933",
            "revoke_rules_on_delete": false,
            "tags": {
              "environment": "caldera-test"
            },
            "tags_all": {
              "environment": "caldera-test"
            },
            "timeouts": null,
            "vpc_id": "vpc-00b4a9336ca393912"
          },
          "sensitive_attributes": [],
          "private": "eyJlMmJmYjczMC1lY2FhLTExZTYtOGY4OC0zNDM2M2JjN2M0YzAiOnsiY3JlYXRlIjo2MDAwMDAwMDAwMDAsImRlbGV0ZSI6OTAwMDAwMDAwMDAwfSwic2NoZW1hX3ZlcnNpb24iOiIxIn0=",
          "dependencies": [
            "module.vpc.aws_vpc.this"
          ]
        }
      ]
    },
    {
      "mode": "managed",
      "type": "aws_security_group",
      "name": "sg_caldera_windows",
      "provider": "provider[\"registry.terraform.io/hashicorp/aws\"]",
      "instances": [
        {
          "schema_version": 1,
          "attributes": {
            "arn": "arn:aws:ec2:us-east-1:857120324933:security-group/sg-074081a193e5b6d39",
            "description": "Allow RDP for windows host",
            "egress": [
              {
                "cidr_blocks": [
                  "0.0.0.0/0"
                ],
                "description": "",
                "from_port": 0,
                "ipv6_cidr_blocks": [],
                "prefix_list_ids": [],
                "protocol": "-1",
                "security_groups": [],
                "self": false,
                "to_port": 0
              }
            ],
            "id": "sg-074081a193e5b6d39",
            "ingress": [
              {
                "cidr_blocks": [
                  "0.0.0.0/0"
                ],
                "description": "RDP port",
                "from_port": 3389,
                "ipv6_cidr_blocks": [],
                "prefix_list_ids": [],
                "protocol": "tcp",
                "security_groups": [],
                "self": false,
                "to_port": 3389
              }
            ],
            "name": "sg_caldera_windows",
            "name_prefix": "",
            "owner_id": "857120324933",
            "revoke_rules_on_delete": false,
            "tags": {
              "environment": "caldera-test"
            },
            "tags_all": {
              "environment": "caldera-test"
            },
            "timeouts": null,
            "vpc_id": "vpc-00b4a9336ca393912"
          },
          "sensitive_attributes": [],
          "private": "eyJlMmJmYjczMC1lY2FhLTExZTYtOGY4OC0zNDM2M2JjN2M0YzAiOnsiY3JlYXRlIjo2MDAwMDAwMDAwMDAsImRlbGV0ZSI6OTAwMDAwMDAwMDAwfSwic2NoZW1hX3ZlcnNpb24iOiIxIn0=",
          "dependencies": [
            "module.vpc.aws_vpc.this"
          ]
        }
      ]
    },
    {
      "module": "module.aws_rsa_key",
      "mode": "managed",
      "type": "aws_key_pair",
      "name": "worker",
      "provider": "provider[\"registry.terraform.io/hashicorp/aws\"]",
      "instances": [
        {
          "schema_version": 1,
          "attributes": {
            "arn": "arn:aws:ec2:us-east-1:857120324933:key-pair/caldera-nodes",
            "fingerprint": "47:70:31:85:f7:23:e0:1d:ef:0d:bf:15:eb:40:e7:df",
            "id": "caldera-nodes",
            "key_name": "caldera-nodes",
            "key_name_prefix": "",
            "key_pair_id": "key-0819da6f5d1d63438",
            "key_type": "rsa",
            "public_key": "ssh-rsa AAAAB3NzaC1yc2EAAAADAQABAAACAQCt4XjE9hxCLo/C65m0Pd9usVMFVuUFfMpMzD2hSN3WCWYiHh+JZpwvNtWpuy8CZB/JRJE5IEmyepypyubCHTyssIXNMKlBlJWEhvX5kSMr5n5eggjCteJBjPR+Dj28E8i1lANTRWtFVziAfVXbKcHyphtkSLbvuIdYb+0DePQniLj/cl6z9wlXJPfyATXZBk6Fj255aI5sqSL4xjAo53+6V5SzWdTxXuvQl4kbCqAAQfzIUksTrGL/Ur8zfKyH5wkPeqawau8udtd5W8fVXgT6h7BkNKZXIqOCUK9XjY58ars9EZNonYTAhXrhkUO8nS2DSD1m65vNThlIbjvZeNCRIKneWIRQSgfSGSmBgtGG8/Hxdz+SqU2u/Es4Y+bTkd4SJ70mSPK3qBgy/xYENhfFEGBtgBDw1goyrtcTw0T8E5LOIfWzn4PfKaiEAtWfQFOSI9EA67VxmUQi+0YBnuznee6WLJZ7u4eU+CpoFKttD8mOtx01WFeh+nfct2USyr9KVDqeMdFDyO/3EH4F0x2erSENsdBj9+7d30xA7EHQjMppT2CGevERmiQEmJdIT5uMPRkhWhOYzmDgBXUTM1b8q+TqGd02TudI71K5GsngbBxABAq2RHu1e0nOFMpGckMpblKTCt5fv8a/XKTrIWHfmSJ/z5bTyE5rmTLKJUUOnw==",
            "tags": {},
            "tags_all": {}
          },
          "sensitive_attributes": [],
          "private": "eyJzY2hlbWFfdmVyc2lvbiI6IjEifQ==",
          "dependencies": [
            "module.aws_rsa_key.tls_private_key.ssh_key",
            "module.vpc.aws_cloudwatch_log_group.flow_log",
            "module.vpc.aws_customer_gateway.this",
            "module.vpc.aws_db_subnet_group.database",
            "module.vpc.aws_default_network_acl.this",
            "module.vpc.aws_default_route_table.default",
            "module.vpc.aws_default_security_group.this",
            "module.vpc.aws_default_vpc.this",
            "module.vpc.aws_egress_only_internet_gateway.this",
            "module.vpc.aws_eip.nat",
            "module.vpc.aws_elasticache_subnet_group.elasticache",
            "module.vpc.aws_flow_log.this",
            "module.vpc.aws_iam_policy.vpc_flow_log_cloudwatch",
            "module.vpc.aws_iam_role.vpc_flow_log_cloudwatch",
            "module.vpc.aws_iam_role_policy_attachment.vpc_flow_log_cloudwatch",
            "module.vpc.aws_internet_gateway.this",
            "module.vpc.aws_nat_gateway.this",
            "module.vpc.aws_network_acl.database",
            "module.vpc.aws_network_acl.elasticache",
            "module.vpc.aws_network_acl.intra",
            "module.vpc.aws_network_acl.outpost",
            "module.vpc.aws_network_acl.private",
            "module.vpc.aws_network_acl.public",
            "module.vpc.aws_network_acl.redshift",
            "module.vpc.aws_network_acl_rule.database_inbound",
            "module.vpc.aws_network_acl_rule.database_outbound",
            "module.vpc.aws_network_acl_rule.elasticache_inbound",
            "module.vpc.aws_network_acl_rule.elasticache_outbound",
            "module.vpc.aws_network_acl_rule.intra_inbound",
            "module.vpc.aws_network_acl_rule.intra_outbound",
            "module.vpc.aws_network_acl_rule.outpost_inbound",
            "module.vpc.aws_network_acl_rule.outpost_outbound",
            "module.vpc.aws_network_acl_rule.private_inbound",
            "module.vpc.aws_network_acl_rule.private_outbound",
            "module.vpc.aws_network_acl_rule.public_inbound",
            "module.vpc.aws_network_acl_rule.public_outbound",
            "module.vpc.aws_network_acl_rule.redshift_inbound",
            "module.vpc.aws_network_acl_rule.redshift_outbound",
            "module.vpc.aws_redshift_subnet_group.redshift",
            "module.vpc.aws_route.database_internet_gateway",
            "module.vpc.aws_route.database_ipv6_egress",
            "module.vpc.aws_route.database_nat_gateway",
            "module.vpc.aws_route.private_ipv6_egress",
            "module.vpc.aws_route.private_nat_gateway",
            "module.vpc.aws_route.public_internet_gateway",
            "module.vpc.aws_route.public_internet_gateway_ipv6",
            "module.vpc.aws_route_table.database",
            "module.vpc.aws_route_table.elasticache",
            "module.vpc.aws_route_table.intra",
            "module.vpc.aws_route_table.private",
            "module.vpc.aws_route_table.public",
            "module.vpc.aws_route_table.redshift",
            "module.vpc.aws_route_table_association.database",
            "module.vpc.aws_route_table_association.elasticache",
            "module.vpc.aws_route_table_association.intra",
            "module.vpc.aws_route_table_association.outpost",
            "module.vpc.aws_route_table_association.private",
            "module.vpc.aws_route_table_association.public",
            "module.vpc.aws_route_table_association.redshift",
            "module.vpc.aws_route_table_association.redshift_public",
            "module.vpc.aws_subnet.database",
            "module.vpc.aws_subnet.elasticache",
            "module.vpc.aws_subnet.intra",
            "module.vpc.aws_subnet.outpost",
            "module.vpc.aws_subnet.private",
            "module.vpc.aws_subnet.public",
            "module.vpc.aws_subnet.redshift",
            "module.vpc.aws_vpc.this",
            "module.vpc.aws_vpc_dhcp_options.this",
            "module.vpc.aws_vpc_dhcp_options_association.this",
            "module.vpc.aws_vpc_ipv4_cidr_block_association.this",
            "module.vpc.aws_vpn_gateway.this",
            "module.vpc.aws_vpn_gateway_attachment.this",
            "module.vpc.aws_vpn_gateway_route_propagation.intra",
            "module.vpc.aws_vpn_gateway_route_propagation.private",
            "module.vpc.aws_vpn_gateway_route_propagation.public",
            "module.vpc.data.aws_iam_policy_document.flow_log_cloudwatch_assume_role",
            "module.vpc.data.aws_iam_policy_document.vpc_flow_log_cloudwatch"
          ]
        }
      ]
    },
    {
      "module": "module.aws_rsa_key",
      "mode": "managed",
      "type": "tls_private_key",
      "name": "ssh_key",
      "provider": "provider[\"registry.terraform.io/hashicorp/tls\"]",
      "instances": [
        {
          "schema_version": 1,
          "attributes": {
            "algorithm": "RSA",
            "ecdsa_curve": "P224",
            "id": "5c1f66a7a0eee81311beec2f76a69e13db80b0bf",
            "private_key_openssh": "-----BEGIN OPENSSH PRIVATE KEY-----\nb3BlbnNzaC1rZXktdjEAAAAABG5vbmUAAAAEbm9uZQAAAAAAAAABAAACFwAAAAdz\nc2gtcnNhAAAAAwEAAQAAAgEAreF4xPYcQi6PwuuZtD3fbrFTBVblBXzKTMw9oUjd\n1glmIh4fiWacLzbVqbsvAmQfyUSROSBJsnqcqcrmwh08rLCFzTCpQZSVhIb1+ZEj\nK+Z+XoIIwrXiQYz0fg49vBPItZQDU0VrRVc4gH1V2ynB8qYbZEi277iHWG/tA3j0\nJ4i4/3Jes/cJVyT38gE12QZOhY9ueWiObKki+MYwKOd/uleUs1nU8V7r0JeJGwqg\nAEH8yFJLE6xi/1K/M3ysh+cJD3qmsGrvLnbXeVvH1V4E+oewZDSmVyKjglCvV42O\nfGq7PRGTaJ2EwIV64ZFDvJ0tg0g9ZuubzU4ZSG472XjQkSCp3liEUEoH0hkpgYLR\nhvPx8Xc/kqlNrvxLOGPm05HeEie9Jkjyt6gYMv8WBDYXxRBgbYAQ8NYKMq7XE8NE\n/BOSziH1s5+D3ymohALVn0BTkiPRAOu1cZlEIvtGAZ7s53nuliyWe7uHlPgqaBSr\nbQ/JjrcdNVhXofp33LdlEsq/SlQ6njHRQ8jv9xB+BdMdnq0hDbHQY/fu3d9MQOxB\n0IzKaU9ghnrxEZokBJiXSE+bjD0ZIVoTmM5g4AV1EzNW/Kvk6hndNk7nSO9SuRrJ\n4GwcQAQKtkR7tXtJzhTKRnJDKW5SkwreX7/Gv1yk6yFh35kif8+W08hOa5kyyiVF\nDp8AAAc4/b1/u/29f7sAAAAHc3NoLXJzYQAAAgEAreF4xPYcQi6PwuuZtD3fbrFT\nBVblBXzKTMw9oUjd1glmIh4fiWacLzbVqbsvAmQfyUSROSBJsnqcqcrmwh08rLCF\nzTCpQZSVhIb1+ZEjK+Z+XoIIwrXiQYz0fg49vBPItZQDU0VrRVc4gH1V2ynB8qYb\nZEi277iHWG/tA3j0J4i4/3Jes/cJVyT38gE12QZOhY9ueWiObKki+MYwKOd/uleU\ns1nU8V7r0JeJGwqgAEH8yFJLE6xi/1K/M3ysh+cJD3qmsGrvLnbXeVvH1V4E+oew\nZDSmVyKjglCvV42OfGq7PRGTaJ2EwIV64ZFDvJ0tg0g9ZuubzU4ZSG472XjQkSCp\n3liEUEoH0hkpgYLRhvPx8Xc/kqlNrvxLOGPm05HeEie9Jkjyt6gYMv8WBDYXxRBg\nbYAQ8NYKMq7XE8NE/BOSziH1s5+D3ymohALVn0BTkiPRAOu1cZlEIvtGAZ7s53nu\nliyWe7uHlPgqaBSrbQ/JjrcdNVhXofp33LdlEsq/SlQ6njHRQ8jv9xB+BdMdnq0h\nDbHQY/fu3d9MQOxB0IzKaU9ghnrxEZokBJiXSE+bjD0ZIVoTmM5g4AV1EzNW/Kvk\n6hndNk7nSO9SuRrJ4GwcQAQKtkR7tXtJzhTKRnJDKW5SkwreX7/Gv1yk6yFh35ki\nf8+W08hOa5kyyiVFDp8AAAADAQABAAACAGp8JWDBs8aYCzR84lFuftGkSMqBT5oP\ntThY7/lAzZIRiXmlZvzXWRjVBP6AAqb9ODYjBqisbFWgHycgejcwfoLnS9nATjc6\nTmKt4B9pUdfFvWgVTFYp2xj3wJceE5KFryn8Lhkl7y603oZZu2WPahY2wZmlqlqe\ncEyppsW0ohk/8sOFgBfIVvEGU83iDd8NrLLAhxBVBrvmzOL7RG0YcLFmh0ta3TzA\nO7wvwShNVnUx9COduhqfPLVOMIfQdzx3MaZIH6L0qeuTnhvVKEkz3eqrhEuprqC4\nNthMn0UIDNWG64nXpKWxqaXZWMqhEpGE1GWMrQXFjlGp3XPtBjwFb/wdgSvsG52/\nYlkEMmFZWlcbhvco7odJ3W+K/cWvOxx0xIOXRPO4oBz3zf+vRwvKJc3/8J/AXShS\n91HtRjWd94alGgGBpna4dLhhsDt6uvu91GX0Nr5jpPISihg7c77SSZ/B2k+mLNOS\nWva0PZ4RJrodDT2/9In15EF1vduGAT5CNH1ig1UkZAdLXeSpTrdw5OoDr5sjebrG\nE4Hh3lMlAvkwddkbQRwIBmP3X7jM9Mq7QI5VFxjlGtbwAcV2daAXiQ857xWh7wgs\nUdJmLhtZt9K6XotEPl3UVO3tITnr7AbcAKY1cS/E6o4jCVEi6jbI3Zrjr+NYRqpM\nwUz6/ns0ztPJAAABAAm8WZ4VC2cZJsCuw7FvvdlzdYzKIBO4tml8R1yGSvNB3Y17\nI6+VJJlS+KFBTCvBywlmuMLixiin5f6TR642Nup865JndtFyo/FT33MvajOXlvza\n2QOels+hPc6B+cGAtXNOKiv7ZgbnsVDDGKk47uDWO3ZSNVWb/gnXX7FpmbEmUMzk\nTNZNuFQa7pCd+XbCa8DwGNAcxNFcNtuKa6Xx/bzW98YGt/RXLcnVqCI2fLwCIlCV\nhQzRqWJf+JISqDs7bMiVPKkR95y5yTPvbNKaLtYJDPey3fqzBM1V/VUxsJfJl+Sc\nm4pBKl4gjJ15ouPzrFXQx5Vt8JDK+J8jOmdVf4oAAAEBAORllfOo/qMsgxph7sQQ\nEj7RhL55R+KHOjjoG+9iEu0erbcAqxGZeC9gzFnLyr7p6lMY3Gb5VOGxjPJxB/jy\nbq0pX7AmYQil/bJ03Wt59F0zCm5uG/4hu8K2LlqD124PwhMGkd4m4Ta4cAZwOSaK\naj8/0i0wtpbfG4yYijYtRjaQvuwch6pMCawio15xP8bdkSAXvCH2lfWI3z0iYqVU\nw2WcjkASLungdbftiHtx/HG5TRvhcy6/SnVIWbMekMK5ice4tKRiTz+K51McYGEM\nI4kiVkGRqw/08HuUiVtEEO5g6h/ntSNhKy5S6qTb2WRRiia/i/qWPbdLqybP9/m9\nC60AAAEBAMLlM9p/ccEvt/6CWBwK9wBd3Tg0qEuNH7DZa89JGL5ojbQ/uY5DQ5Eq\nUZuSJC3phVvYKzITyLsGdIDKec4anzrx3PKKVkoSz3GfgNZZUtiqXSkEZlNczmRi\nmkEYIdJ1qVZvySl+xE8zeI7veTchwxAsfaiVUjMJwrzXmka1sHqS5/OzDzcMa7WA\nYhwNI4iByJ8O2ZAtTB6QX52gi8nbK9ZMwx1GBC4WYamWNJgWQ6hInGkp93ts7Tr6\nf4vVOiUwSgSheTK7RF5R7CGo0vNyM3yZmbr2GYH0zYuuxLoZQNy+04dXwWx4x0Gq\n6hCvtDrH8I6BFy40hb3C79MBEdGojPsAAAAAAQID\n-----END OPENSSH PRIVATE KEY-----\n",
            "private_key_pem": "-----BEGIN RSA PRIVATE KEY-----\nMIIJKAIBAAKCAgEAreF4xPYcQi6PwuuZtD3fbrFTBVblBXzKTMw9oUjd1glmIh4f\niWacLzbVqbsvAmQfyUSROSBJsnqcqcrmwh08rLCFzTCpQZSVhIb1+ZEjK+Z+XoII\nwrXiQYz0fg49vBPItZQDU0VrRVc4gH1V2ynB8qYbZEi277iHWG/tA3j0J4i4/3Je\ns/cJVyT38gE12QZOhY9ueWiObKki+MYwKOd/uleUs1nU8V7r0JeJGwqgAEH8yFJL\nE6xi/1K/M3ysh+cJD3qmsGrvLnbXeVvH1V4E+oewZDSmVyKjglCvV42OfGq7PRGT\naJ2EwIV64ZFDvJ0tg0g9ZuubzU4ZSG472XjQkSCp3liEUEoH0hkpgYLRhvPx8Xc/\nkqlNrvxLOGPm05HeEie9Jkjyt6gYMv8WBDYXxRBgbYAQ8NYKMq7XE8NE/BOSziH1\ns5+D3ymohALVn0BTkiPRAOu1cZlEIvtGAZ7s53nuliyWe7uHlPgqaBSrbQ/Jjrcd\nNVhXofp33LdlEsq/SlQ6njHRQ8jv9xB+BdMdnq0hDbHQY/fu3d9MQOxB0IzKaU9g\nhnrxEZokBJiXSE+bjD0ZIVoTmM5g4AV1EzNW/Kvk6hndNk7nSO9SuRrJ4GwcQAQK\ntkR7tXtJzhTKRnJDKW5SkwreX7/Gv1yk6yFh35kif8+W08hOa5kyyiVFDp8CAwEA\nAQKCAgBqfCVgwbPGmAs0fOJRbn7RpEjKgU+aD7U4WO/5QM2SEYl5pWb811kY1QT+\ngAKm/Tg2IwaorGxVoB8nIHo3MH6C50vZwE43Ok5ireAfaVHXxb1oFUxWKdsY98CX\nHhOSha8p/C4ZJe8utN6GWbtlj2oWNsGZpapannBMqabFtKIZP/LDhYAXyFbxBlPN\n4g3fDayywIcQVQa75szi+0RtGHCxZodLWt08wDu8L8EoTVZ1MfQjnboanzy1TjCH\n0Hc8dzGmSB+i9Knrk54b1ShJM93qq4RLqa6guDbYTJ9FCAzVhuuJ16Slsaml2VjK\noRKRhNRljK0FxY5Rqd1z7QY8BW/8HYEr7Budv2JZBDJhWVpXG4b3KO6HSd1viv3F\nrzscdMSDl0TzuKAc983/r0cLyiXN//CfwF0oUvdR7UY1nfeGpRoBgaZ2uHS4YbA7\nerr7vdRl9Da+Y6TyEooYO3O+0kmfwdpPpizTklr2tD2eESa6HQ09v/SJ9eRBdb3b\nhgE+QjR9YoNVJGQHS13kqU63cOTqA6+bI3m6xhOB4d5TJQL5MHXZG0EcCAZj91+4\nzPTKu0COVRcY5RrW8AHFdnWgF4kPOe8Voe8ILFHSZi4bWbfSul6LRD5d1FTt7SE5\n6+wG3ACmNXEvxOqOIwlRIuo2yN2a46/jWEaqTMFM+v57NM7TyQKCAQEA5GWV86j+\noyyDGmHuxBASPtGEvnlH4oc6OOgb72IS7R6ttwCrEZl4L2DMWcvKvunqUxjcZvlU\n4bGM8nEH+PJurSlfsCZhCKX9snTda3n0XTMKbm4b/iG7wrYuWoPXbg/CEwaR3ibh\nNrhwBnA5JopqPz/SLTC2lt8bjJiKNi1GNpC+7ByHqkwJrCKjXnE/xt2RIBe8IfaV\n9YjfPSJipVTDZZyOQBIu6eB1t+2Ie3H8cblNG+FzLr9KdUhZsx6QwrmJx7i0pGJP\nP4rnUxxgYQwjiSJWQZGrD/Twe5SJW0QQ7mDqH+e1I2ErLlLqpNvZZFGKJr+L+pY9\nt0urJs/3+b0LrQKCAQEAwuUz2n9xwS+3/oJYHAr3AF3dODSoS40fsNlrz0kYvmiN\ntD+5jkNDkSpRm5IkLemFW9grMhPIuwZ0gMp5zhqfOvHc8opWShLPcZ+A1llS2Kpd\nKQRmU1zOZGKaQRgh0nWpVm/JKX7ETzN4ju95NyHDECx9qJVSMwnCvNeaRrWwepLn\n87MPNwxrtYBiHA0jiIHInw7ZkC1MHpBfnaCLydsr1kzDHUYELhZhqZY0mBZDqEic\naSn3e2ztOvp/i9U6JTBKBKF5MrtEXlHsIajS83IzfJmZuvYZgfTNi67EuhlA3L7T\nh1fBbHjHQarqEK+0OsfwjoEXLjSFvcLv0wER0aiM+wKCAQEAnk2K0YegdpizheW7\nCEnbW4784shM+sWfpTG7qv/e/lr1LJJZ/6jPlIcTHGoT7J9UuqPQn87Q9l2Jw8B0\nNihSbdLvb7gqKURjwv0dOxEcPjzSThgjbtESwrJjDnmzJ6XkbitvjvqDvtm3S78c\n3YmyeoRRuOC6rXeWMKzJnyNiNw+8RQrBPVfWnGilsx/rhHqtzACndSLkbXqgwE7E\n8LL/e743GlGAErpw3TrWDjnDL0+wElMA8rXDdebfxTa6Pz06MiPjkMxTAUfVbdWN\nN7aiKrqR7oB4gGbVB9K8IXXcBl1F6TdAZXVD6Kev2vRGiTG6/4BkFRttS043In+i\n8IYHQQKCAQA2QqXLIUxEYsqxGwz40byu53MdoNtyHVpDXGT9kvZGnMlG867vgp6f\nHc8WpvtXpPox9d8g1A1AtK1e5gA/d335ZTkEdatMeCw1EBlIlBnSpKvHLahncSEt\nJZ6YnOVduNBqdjjlSpvRCR15fgabaNTr/dcGRnxaJU+IT+Zt5Uu69IeLe8CyrMyX\n/aRS9v17ldaLIhFEaLgWkk9sjTQeAN0Vjs2LquCjDCwokN8XsKspgP268aorPMpX\nb0JvZfAIRod0/pfFngmM0PYS8PO6P4NCH2mDedzkJ4nKZ9/xh/JdAuvVdIMvdfjT\nuYftGV3uN5grtJkFji3mBQ3MCzIw0uJdAoIBAAm8WZ4VC2cZJsCuw7FvvdlzdYzK\nIBO4tml8R1yGSvNB3Y17I6+VJJlS+KFBTCvBywlmuMLixiin5f6TR642Nup865Jn\ndtFyo/FT33MvajOXlvza2QOels+hPc6B+cGAtXNOKiv7ZgbnsVDDGKk47uDWO3ZS\nNVWb/gnXX7FpmbEmUMzkTNZNuFQa7pCd+XbCa8DwGNAcxNFcNtuKa6Xx/bzW98YG\nt/RXLcnVqCI2fLwCIlCVhQzRqWJf+JISqDs7bMiVPKkR95y5yTPvbNKaLtYJDPey\n3fqzBM1V/VUxsJfJl+Scm4pBKl4gjJ15ouPzrFXQx5Vt8JDK+J8jOmdVf4o=\n-----END RSA PRIVATE KEY-----\n",
            "private_key_pem_pkcs8": "-----BEGIN PRIVATE KEY-----\nMIIJQgIBADANBgkqhkiG9w0BAQEFAASCCSwwggkoAgEAAoICAQCt4XjE9hxCLo/C\n65m0Pd9usVMFVuUFfMpMzD2hSN3WCWYiHh+JZpwvNtWpuy8CZB/JRJE5IEmyepyp\nyubCHTyssIXNMKlBlJWEhvX5kSMr5n5eggjCteJBjPR+Dj28E8i1lANTRWtFVziA\nfVXbKcHyphtkSLbvuIdYb+0DePQniLj/cl6z9wlXJPfyATXZBk6Fj255aI5sqSL4\nxjAo53+6V5SzWdTxXuvQl4kbCqAAQfzIUksTrGL/Ur8zfKyH5wkPeqawau8udtd5\nW8fVXgT6h7BkNKZXIqOCUK9XjY58ars9EZNonYTAhXrhkUO8nS2DSD1m65vNThlI\nbjvZeNCRIKneWIRQSgfSGSmBgtGG8/Hxdz+SqU2u/Es4Y+bTkd4SJ70mSPK3qBgy\n/xYENhfFEGBtgBDw1goyrtcTw0T8E5LOIfWzn4PfKaiEAtWfQFOSI9EA67VxmUQi\n+0YBnuznee6WLJZ7u4eU+CpoFKttD8mOtx01WFeh+nfct2USyr9KVDqeMdFDyO/3\nEH4F0x2erSENsdBj9+7d30xA7EHQjMppT2CGevERmiQEmJdIT5uMPRkhWhOYzmDg\nBXUTM1b8q+TqGd02TudI71K5GsngbBxABAq2RHu1e0nOFMpGckMpblKTCt5fv8a/\nXKTrIWHfmSJ/z5bTyE5rmTLKJUUOnwIDAQABAoICAGp8JWDBs8aYCzR84lFuftGk\nSMqBT5oPtThY7/lAzZIRiXmlZvzXWRjVBP6AAqb9ODYjBqisbFWgHycgejcwfoLn\nS9nATjc6TmKt4B9pUdfFvWgVTFYp2xj3wJceE5KFryn8Lhkl7y603oZZu2WPahY2\nwZmlqlqecEyppsW0ohk/8sOFgBfIVvEGU83iDd8NrLLAhxBVBrvmzOL7RG0YcLFm\nh0ta3TzAO7wvwShNVnUx9COduhqfPLVOMIfQdzx3MaZIH6L0qeuTnhvVKEkz3eqr\nhEuprqC4NthMn0UIDNWG64nXpKWxqaXZWMqhEpGE1GWMrQXFjlGp3XPtBjwFb/wd\ngSvsG52/YlkEMmFZWlcbhvco7odJ3W+K/cWvOxx0xIOXRPO4oBz3zf+vRwvKJc3/\n8J/AXShS91HtRjWd94alGgGBpna4dLhhsDt6uvu91GX0Nr5jpPISihg7c77SSZ/B\n2k+mLNOSWva0PZ4RJrodDT2/9In15EF1vduGAT5CNH1ig1UkZAdLXeSpTrdw5OoD\nr5sjebrGE4Hh3lMlAvkwddkbQRwIBmP3X7jM9Mq7QI5VFxjlGtbwAcV2daAXiQ85\n7xWh7wgsUdJmLhtZt9K6XotEPl3UVO3tITnr7AbcAKY1cS/E6o4jCVEi6jbI3Zrj\nr+NYRqpMwUz6/ns0ztPJAoIBAQDkZZXzqP6jLIMaYe7EEBI+0YS+eUfihzo46Bvv\nYhLtHq23AKsRmXgvYMxZy8q+6epTGNxm+VThsYzycQf48m6tKV+wJmEIpf2ydN1r\nefRdMwpubhv+IbvCti5ag9duD8ITBpHeJuE2uHAGcDkmimo/P9ItMLaW3xuMmIo2\nLUY2kL7sHIeqTAmsIqNecT/G3ZEgF7wh9pX1iN89ImKlVMNlnI5AEi7p4HW37Yh7\ncfxxuU0b4XMuv0p1SFmzHpDCuYnHuLSkYk8/iudTHGBhDCOJIlZBkasP9PB7lIlb\nRBDuYOof57UjYSsuUuqk29lkUYomv4v6lj23S6smz/f5vQutAoIBAQDC5TPaf3HB\nL7f+glgcCvcAXd04NKhLjR+w2WvPSRi+aI20P7mOQ0ORKlGbkiQt6YVb2CsyE8i7\nBnSAynnOGp868dzyilZKEs9xn4DWWVLYql0pBGZTXM5kYppBGCHSdalWb8kpfsRP\nM3iO73k3IcMQLH2olVIzCcK815pGtbB6kufzsw83DGu1gGIcDSOIgcifDtmQLUwe\nkF+doIvJ2yvWTMMdRgQuFmGpljSYFkOoSJxpKfd7bO06+n+L1TolMEoEoXkyu0Re\nUewhqNLzcjN8mZm69hmB9M2LrsS6GUDcvtOHV8FseMdBquoQr7Q6x/COgRcuNIW9\nwu/TARHRqIz7AoIBAQCeTYrRh6B2mLOF5bsISdtbjvziyEz6xZ+lMbuq/97+WvUs\nkln/qM+UhxMcahPsn1S6o9CfztD2XYnDwHQ2KFJt0u9vuCopRGPC/R07ERw+PNJO\nGCNu0RLCsmMOebMnpeRuK2+O+oO+2bdLvxzdibJ6hFG44Lqtd5YwrMmfI2I3D7xF\nCsE9V9acaKWzH+uEeq3MAKd1IuRteqDATsTwsv97vjcaUYASunDdOtYOOcMvT7AS\nUwDytcN15t/FNro/PToyI+OQzFMBR9Vt1Y03tqIqupHugHiAZtUH0rwhddwGXUXp\nN0BldUPop6/a9EaJMbr/gGQVG21LTjcif6LwhgdBAoIBADZCpcshTERiyrEbDPjR\nvK7ncx2g23IdWkNcZP2S9kacyUbzru+Cnp8dzxam+1ek+jH13yDUDUC0rV7mAD93\nffllOQR1q0x4LDUQGUiUGdKkq8ctqGdxIS0lnpic5V240Gp2OOVKm9EJHXl+Bpto\n1Ov91wZGfFolT4hP5m3lS7r0h4t7wLKszJf9pFL2/XuV1osiEURouBaST2yNNB4A\n3RWOzYuq4KMMLCiQ3xewqymA/brxqis8yldvQm9l8AhGh3T+l8WeCYzQ9hLw87o/\ng0IfaYN53OQnicpn3/GH8l0C69V0gy91+NO5h+0ZXe43mCu0mQWOLeYFDcwLMjDS\n4l0CggEACbxZnhULZxkmwK7DsW+92XN1jMogE7i2aXxHXIZK80HdjXsjr5UkmVL4\noUFMK8HLCWa4wuLGKKfl/pNHrjY26nzrkmd20XKj8VPfcy9qM5eW/NrZA56Wz6E9\nzoH5wYC1c04qK/tmBuexUMMYqTju4NY7dlI1VZv+CddfsWmZsSZQzORM1k24VBru\nkJ35dsJrwPAY0BzE0Vw224prpfH9vNb3xga39FctydWoIjZ8vAIiUJWFDNGpYl/4\nkhKoOztsyJU8qRH3nLnJM+9s0pou1gkM97Ld+rMEzVX9VTGwl8mX5JybikEqXiCM\nnXmi4/OsVdDHlW3wkMr4nyM6Z1V/ig==\n-----END PRIVATE KEY-----\n",
            "public_key_fingerprint_md5": "17:d9:e3:be:2d:aa:70:e9:f9:60:e8:6a:3c:84:1c:ac",
            "public_key_fingerprint_sha256": "SHA256:MHlWoti6BHQxVrB8f/dHVbpgPIubEooQlgANiBAqy+s",
            "public_key_openssh": "ssh-rsa AAAAB3NzaC1yc2EAAAADAQABAAACAQCt4XjE9hxCLo/C65m0Pd9usVMFVuUFfMpMzD2hSN3WCWYiHh+JZpwvNtWpuy8CZB/JRJE5IEmyepypyubCHTyssIXNMKlBlJWEhvX5kSMr5n5eggjCteJBjPR+Dj28E8i1lANTRWtFVziAfVXbKcHyphtkSLbvuIdYb+0DePQniLj/cl6z9wlXJPfyATXZBk6Fj255aI5sqSL4xjAo53+6V5SzWdTxXuvQl4kbCqAAQfzIUksTrGL/Ur8zfKyH5wkPeqawau8udtd5W8fVXgT6h7BkNKZXIqOCUK9XjY58ars9EZNonYTAhXrhkUO8nS2DSD1m65vNThlIbjvZeNCRIKneWIRQSgfSGSmBgtGG8/Hxdz+SqU2u/Es4Y+bTkd4SJ70mSPK3qBgy/xYENhfFEGBtgBDw1goyrtcTw0T8E5LOIfWzn4PfKaiEAtWfQFOSI9EA67VxmUQi+0YBnuznee6WLJZ7u4eU+CpoFKttD8mOtx01WFeh+nfct2USyr9KVDqeMdFDyO/3EH4F0x2erSENsdBj9+7d30xA7EHQjMppT2CGevERmiQEmJdIT5uMPRkhWhOYzmDgBXUTM1b8q+TqGd02TudI71K5GsngbBxABAq2RHu1e0nOFMpGckMpblKTCt5fv8a/XKTrIWHfmSJ/z5bTyE5rmTLKJUUOnw==\n",
            "public_key_pem": "-----BEGIN PUBLIC KEY-----\nMIICIjANBgkqhkiG9w0BAQEFAAOCAg8AMIICCgKCAgEAreF4xPYcQi6PwuuZtD3f\nbrFTBVblBXzKTMw9oUjd1glmIh4fiWacLzbVqbsvAmQfyUSROSBJsnqcqcrmwh08\nrLCFzTCpQZSVhIb1+ZEjK+Z+XoIIwrXiQYz0fg49vBPItZQDU0VrRVc4gH1V2ynB\n8qYbZEi277iHWG/tA3j0J4i4/3Jes/cJVyT38gE12QZOhY9ueWiObKki+MYwKOd/\nuleUs1nU8V7r0JeJGwqgAEH8yFJLE6xi/1K/M3ysh+cJD3qmsGrvLnbXeVvH1V4E\n+oewZDSmVyKjglCvV42OfGq7PRGTaJ2EwIV64ZFDvJ0tg0g9ZuubzU4ZSG472XjQ\nkSCp3liEUEoH0hkpgYLRhvPx8Xc/kqlNrvxLOGPm05HeEie9Jkjyt6gYMv8WBDYX\nxRBgbYAQ8NYKMq7XE8NE/BOSziH1s5+D3ymohALVn0BTkiPRAOu1cZlEIvtGAZ7s\n53nuliyWe7uHlPgqaBSrbQ/JjrcdNVhXofp33LdlEsq/SlQ6njHRQ8jv9xB+BdMd\nnq0hDbHQY/fu3d9MQOxB0IzKaU9ghnrxEZokBJiXSE+bjD0ZIVoTmM5g4AV1EzNW\n/Kvk6hndNk7nSO9SuRrJ4GwcQAQKtkR7tXtJzhTKRnJDKW5SkwreX7/Gv1yk6yFh\n35kif8+W08hOa5kyyiVFDp8CAwEAAQ==\n-----END PUBLIC KEY-----\n",
            "rsa_bits": 4096
          },
          "sensitive_attributes": [],
          "dependencies": [
            "module.vpc.aws_cloudwatch_log_group.flow_log",
            "module.vpc.aws_customer_gateway.this",
            "module.vpc.aws_db_subnet_group.database",
            "module.vpc.aws_default_network_acl.this",
            "module.vpc.aws_default_route_table.default",
            "module.vpc.aws_default_security_group.this",
            "module.vpc.aws_default_vpc.this",
            "module.vpc.aws_egress_only_internet_gateway.this",
            "module.vpc.aws_eip.nat",
            "module.vpc.aws_elasticache_subnet_group.elasticache",
            "module.vpc.aws_flow_log.this",
            "module.vpc.aws_iam_policy.vpc_flow_log_cloudwatch",
            "module.vpc.aws_iam_role.vpc_flow_log_cloudwatch",
            "module.vpc.aws_iam_role_policy_attachment.vpc_flow_log_cloudwatch",
            "module.vpc.aws_internet_gateway.this",
            "module.vpc.aws_nat_gateway.this",
            "module.vpc.aws_network_acl.database",
            "module.vpc.aws_network_acl.elasticache",
            "module.vpc.aws_network_acl.intra",
            "module.vpc.aws_network_acl.outpost",
            "module.vpc.aws_network_acl.private",
            "module.vpc.aws_network_acl.public",
            "module.vpc.aws_network_acl.redshift",
            "module.vpc.aws_network_acl_rule.database_inbound",
            "module.vpc.aws_network_acl_rule.database_outbound",
            "module.vpc.aws_network_acl_rule.elasticache_inbound",
            "module.vpc.aws_network_acl_rule.elasticache_outbound",
            "module.vpc.aws_network_acl_rule.intra_inbound",
            "module.vpc.aws_network_acl_rule.intra_outbound",
            "module.vpc.aws_network_acl_rule.outpost_inbound",
            "module.vpc.aws_network_acl_rule.outpost_outbound",
            "module.vpc.aws_network_acl_rule.private_inbound",
            "module.vpc.aws_network_acl_rule.private_outbound",
            "module.vpc.aws_network_acl_rule.public_inbound",
            "module.vpc.aws_network_acl_rule.public_outbound",
            "module.vpc.aws_network_acl_rule.redshift_inbound",
            "module.vpc.aws_network_acl_rule.redshift_outbound",
            "module.vpc.aws_redshift_subnet_group.redshift",
            "module.vpc.aws_route.database_internet_gateway",
            "module.vpc.aws_route.database_ipv6_egress",
            "module.vpc.aws_route.database_nat_gateway",
            "module.vpc.aws_route.private_ipv6_egress",
            "module.vpc.aws_route.private_nat_gateway",
            "module.vpc.aws_route.public_internet_gateway",
            "module.vpc.aws_route.public_internet_gateway_ipv6",
            "module.vpc.aws_route_table.database",
            "module.vpc.aws_route_table.elasticache",
            "module.vpc.aws_route_table.intra",
            "module.vpc.aws_route_table.private",
            "module.vpc.aws_route_table.public",
            "module.vpc.aws_route_table.redshift",
            "module.vpc.aws_route_table_association.database",
            "module.vpc.aws_route_table_association.elasticache",
            "module.vpc.aws_route_table_association.intra",
            "module.vpc.aws_route_table_association.outpost",
            "module.vpc.aws_route_table_association.private",
            "module.vpc.aws_route_table_association.public",
            "module.vpc.aws_route_table_association.redshift",
            "module.vpc.aws_route_table_association.redshift_public",
            "module.vpc.aws_subnet.database",
            "module.vpc.aws_subnet.elasticache",
            "module.vpc.aws_subnet.intra",
            "module.vpc.aws_subnet.outpost",
            "module.vpc.aws_subnet.private",
            "module.vpc.aws_subnet.public",
            "module.vpc.aws_subnet.redshift",
            "module.vpc.aws_vpc.this",
            "module.vpc.aws_vpc_dhcp_options.this",
            "module.vpc.aws_vpc_dhcp_options_association.this",
            "module.vpc.aws_vpc_ipv4_cidr_block_association.this",
            "module.vpc.aws_vpn_gateway.this",
            "module.vpc.aws_vpn_gateway_attachment.this",
            "module.vpc.aws_vpn_gateway_route_propagation.intra",
            "module.vpc.aws_vpn_gateway_route_propagation.private",
            "module.vpc.aws_vpn_gateway_route_propagation.public",
            "module.vpc.data.aws_iam_policy_document.flow_log_cloudwatch_assume_role",
            "module.vpc.data.aws_iam_policy_document.vpc_flow_log_cloudwatch"
          ]
        }
      ]
    },
    {
      "module": "module.vpc",
      "mode": "managed",
      "type": "aws_eip",
      "name": "nat",
      "provider": "provider[\"registry.terraform.io/hashicorp/aws\"]",
      "instances": [
        {
          "index_key": 0,
          "schema_version": 0,
          "attributes": {
            "address": null,
            "allocation_id": "eipalloc-02037d4130eb55abb",
            "associate_with_private_ip": null,
            "association_id": "eipassoc-0174f4d0db23fbab7",
            "carrier_ip": "",
            "customer_owned_ip": "",
            "customer_owned_ipv4_pool": "",
            "domain": "vpc",
            "id": "eipalloc-02037d4130eb55abb",
            "instance": "",
            "network_border_group": "us-east-1",
            "network_interface": "eni-0478fa499cf46a2b3",
            "private_dns": "ip-172-23-5-103.ec2.internal",
            "private_ip": "172.23.5.103",
            "public_dns": "ec2-44-208-238-29.compute-1.amazonaws.com",
            "public_ip": "44.208.238.29",
            "public_ipv4_pool": "amazon",
            "tags": {
              "Name": "VPC-us-east-1a"
            },
            "tags_all": {
              "Name": "VPC-us-east-1a"
            },
            "timeouts": null,
            "vpc": true
          },
          "sensitive_attributes": [],
          "private": "eyJlMmJmYjczMC1lY2FhLTExZTYtOGY4OC0zNDM2M2JjN2M0YzAiOnsiZGVsZXRlIjoxODAwMDAwMDAwMDAsInJlYWQiOjkwMDAwMDAwMDAwMCwidXBkYXRlIjozMDAwMDAwMDAwMDB9fQ=="
        }
      ]
    },
    {
      "module": "module.vpc",
      "mode": "managed",
      "type": "aws_internet_gateway",
      "name": "this",
      "provider": "provider[\"registry.terraform.io/hashicorp/aws\"]",
      "instances": [
        {
          "index_key": 0,
          "schema_version": 0,
          "attributes": {
            "arn": "arn:aws:ec2:us-east-1:857120324933:internet-gateway/igw-0f191f4661451fd1f",
            "id": "igw-0f191f4661451fd1f",
            "owner_id": "857120324933",
            "tags": {
              "Name": "VPC"
            },
            "tags_all": {
              "Name": "VPC"
            },
            "vpc_id": "vpc-00b4a9336ca393912"
          },
          "sensitive_attributes": [],
          "private": "bnVsbA==",
          "dependencies": [
            "module.vpc.aws_vpc.this",
            "module.vpc.aws_vpc_ipv4_cidr_block_association.this"
          ]
        }
      ]
    },
    {
      "module": "module.vpc",
      "mode": "managed",
      "type": "aws_nat_gateway",
      "name": "this",
      "provider": "provider[\"registry.terraform.io/hashicorp/aws\"]",
      "instances": [
        {
          "index_key": 0,
          "schema_version": 0,
          "attributes": {
            "allocation_id": "eipalloc-02037d4130eb55abb",
            "connectivity_type": "public",
            "id": "nat-0944e0d4cf0e81239",
            "network_interface_id": "eni-0478fa499cf46a2b3",
            "private_ip": "172.23.5.103",
            "public_ip": "44.208.238.29",
            "subnet_id": "subnet-07c79efa5d30d7f73",
            "tags": {
              "Name": "caldera-test_natgateway"
            },
            "tags_all": {
              "Name": "caldera-test_natgateway"
            }
          },
          "sensitive_attributes": [],
          "private": "bnVsbA==",
          "dependencies": [
            "module.vpc.aws_eip.nat",
            "module.vpc.aws_internet_gateway.this",
            "module.vpc.aws_subnet.public",
            "module.vpc.aws_vpc.this",
            "module.vpc.aws_vpc_ipv4_cidr_block_association.this"
          ]
        }
      ]
    },
    {
      "module": "module.vpc",
      "mode": "managed",
      "type": "aws_route",
      "name": "private_nat_gateway",
      "provider": "provider[\"registry.terraform.io/hashicorp/aws\"]",
      "instances": [
        {
          "index_key": 0,
          "schema_version": 0,
          "attributes": {
            "carrier_gateway_id": "",
            "core_network_arn": "",
            "destination_cidr_block": "0.0.0.0/0",
            "destination_ipv6_cidr_block": "",
            "destination_prefix_list_id": "",
            "egress_only_gateway_id": "",
            "gateway_id": "",
            "id": "r-rtb-08f81fc5fbb083e781080289494",
            "instance_id": "",
            "instance_owner_id": "",
            "local_gateway_id": "",
            "nat_gateway_id": "nat-0944e0d4cf0e81239",
            "network_interface_id": "",
            "origin": "CreateRoute",
            "route_table_id": "rtb-08f81fc5fbb083e78",
            "state": "active",
            "timeouts": {
              "create": "5m",
              "delete": null,
              "update": null
            },
            "transit_gateway_id": "",
            "vpc_endpoint_id": "",
            "vpc_peering_connection_id": ""
          },
          "sensitive_attributes": [],
          "private": "eyJlMmJmYjczMC1lY2FhLTExZTYtOGY4OC0zNDM2M2JjN2M0YzAiOnsiY3JlYXRlIjozMDAwMDAwMDAwMDAsImRlbGV0ZSI6MzAwMDAwMDAwMDAwLCJ1cGRhdGUiOjEyMDAwMDAwMDAwMH19",
          "dependencies": [
            "module.vpc.aws_eip.nat",
            "module.vpc.aws_internet_gateway.this",
            "module.vpc.aws_nat_gateway.this",
            "module.vpc.aws_route_table.private",
            "module.vpc.aws_subnet.public",
            "module.vpc.aws_vpc.this",
            "module.vpc.aws_vpc_ipv4_cidr_block_association.this"
          ]
        }
      ]
    },
    {
      "module": "module.vpc",
      "mode": "managed",
      "type": "aws_route",
      "name": "public_internet_gateway",
      "provider": "provider[\"registry.terraform.io/hashicorp/aws\"]",
      "instances": [
        {
          "index_key": 0,
          "schema_version": 0,
          "attributes": {
            "carrier_gateway_id": "",
            "core_network_arn": "",
            "destination_cidr_block": "0.0.0.0/0",
            "destination_ipv6_cidr_block": "",
            "destination_prefix_list_id": "",
            "egress_only_gateway_id": "",
            "gateway_id": "igw-0f191f4661451fd1f",
            "id": "r-rtb-0e75c7698e084a6ec1080289494",
            "instance_id": "",
            "instance_owner_id": "",
            "local_gateway_id": "",
            "nat_gateway_id": "",
            "network_interface_id": "",
            "origin": "CreateRoute",
            "route_table_id": "rtb-0e75c7698e084a6ec",
            "state": "active",
            "timeouts": {
              "create": "5m",
              "delete": null,
              "update": null
            },
            "transit_gateway_id": "",
            "vpc_endpoint_id": "",
            "vpc_peering_connection_id": ""
          },
          "sensitive_attributes": [],
          "private": "eyJlMmJmYjczMC1lY2FhLTExZTYtOGY4OC0zNDM2M2JjN2M0YzAiOnsiY3JlYXRlIjozMDAwMDAwMDAwMDAsImRlbGV0ZSI6MzAwMDAwMDAwMDAwLCJ1cGRhdGUiOjEyMDAwMDAwMDAwMH19",
          "dependencies": [
            "module.vpc.aws_internet_gateway.this",
            "module.vpc.aws_route_table.public",
            "module.vpc.aws_vpc.this",
            "module.vpc.aws_vpc_ipv4_cidr_block_association.this"
          ]
        }
      ]
    },
    {
      "module": "module.vpc",
      "mode": "managed",
      "type": "aws_route_table",
      "name": "private",
      "provider": "provider[\"registry.terraform.io/hashicorp/aws\"]",
      "instances": [
        {
          "index_key": 0,
          "schema_version": 0,
          "attributes": {
            "arn": "arn:aws:ec2:us-east-1:857120324933:route-table/rtb-08f81fc5fbb083e78",
            "id": "rtb-08f81fc5fbb083e78",
            "owner_id": "857120324933",
            "propagating_vgws": [],
            "route": [
              {
                "carrier_gateway_id": "",
                "cidr_block": "0.0.0.0/0",
                "core_network_arn": "",
                "destination_prefix_list_id": "",
                "egress_only_gateway_id": "",
                "gateway_id": "",
                "instance_id": "",
                "ipv6_cidr_block": "",
                "local_gateway_id": "",
                "nat_gateway_id": "nat-0944e0d4cf0e81239",
                "network_interface_id": "",
                "transit_gateway_id": "",
                "vpc_endpoint_id": "",
                "vpc_peering_connection_id": ""
              }
            ],
            "tags": {
              "Name": "VPC-private"
            },
            "tags_all": {
              "Name": "VPC-private"
            },
            "timeouts": null,
            "vpc_id": "vpc-00b4a9336ca393912"
          },
          "sensitive_attributes": [],
          "private": "eyJlMmJmYjczMC1lY2FhLTExZTYtOGY4OC0zNDM2M2JjN2M0YzAiOnsiY3JlYXRlIjozMDAwMDAwMDAwMDAsImRlbGV0ZSI6MzAwMDAwMDAwMDAwLCJ1cGRhdGUiOjEyMDAwMDAwMDAwMH19",
          "dependencies": [
            "module.vpc.aws_vpc.this",
            "module.vpc.aws_vpc_ipv4_cidr_block_association.this"
          ]
        }
      ]
    },
    {
      "module": "module.vpc",
      "mode": "managed",
      "type": "aws_route_table",
      "name": "public",
      "provider": "provider[\"registry.terraform.io/hashicorp/aws\"]",
      "instances": [
        {
          "index_key": 0,
          "schema_version": 0,
          "attributes": {
            "arn": "arn:aws:ec2:us-east-1:857120324933:route-table/rtb-0e75c7698e084a6ec",
            "id": "rtb-0e75c7698e084a6ec",
            "owner_id": "857120324933",
            "propagating_vgws": [],
            "route": [
              {
                "carrier_gateway_id": "",
                "cidr_block": "0.0.0.0/0",
                "core_network_arn": "",
                "destination_prefix_list_id": "",
                "egress_only_gateway_id": "",
                "gateway_id": "igw-0f191f4661451fd1f",
                "instance_id": "",
                "ipv6_cidr_block": "",
                "local_gateway_id": "",
                "nat_gateway_id": "",
                "network_interface_id": "",
                "transit_gateway_id": "",
                "vpc_endpoint_id": "",
                "vpc_peering_connection_id": ""
              }
            ],
            "tags": {
              "Name": "VPC-public"
            },
            "tags_all": {
              "Name": "VPC-public"
            },
            "timeouts": null,
            "vpc_id": "vpc-00b4a9336ca393912"
          },
          "sensitive_attributes": [],
          "private": "eyJlMmJmYjczMC1lY2FhLTExZTYtOGY4OC0zNDM2M2JjN2M0YzAiOnsiY3JlYXRlIjozMDAwMDAwMDAwMDAsImRlbGV0ZSI6MzAwMDAwMDAwMDAwLCJ1cGRhdGUiOjEyMDAwMDAwMDAwMH19",
          "dependencies": [
            "module.vpc.aws_vpc.this",
            "module.vpc.aws_vpc_ipv4_cidr_block_association.this"
          ]
        }
      ]
    },
    {
      "module": "module.vpc",
      "mode": "managed",
      "type": "aws_route_table_association",
      "name": "private",
      "provider": "provider[\"registry.terraform.io/hashicorp/aws\"]",
      "instances": [
        {
          "index_key": 0,
          "schema_version": 0,
          "attributes": {
            "gateway_id": "",
            "id": "rtbassoc-0db4531e752f81a45",
            "route_table_id": "rtb-08f81fc5fbb083e78",
            "subnet_id": "subnet-06a75a1d71041ee00"
          },
          "sensitive_attributes": [],
          "private": "bnVsbA==",
          "dependencies": [
            "module.vpc.aws_route_table.private",
            "module.vpc.aws_subnet.private",
            "module.vpc.aws_vpc.this",
            "module.vpc.aws_vpc_ipv4_cidr_block_association.this"
          ]
        },
        {
          "index_key": 1,
          "schema_version": 0,
          "attributes": {
            "gateway_id": "",
            "id": "rtbassoc-005fe7d626ac3cb4c",
            "route_table_id": "rtb-08f81fc5fbb083e78",
            "subnet_id": "subnet-026a2738da305dd65"
          },
          "sensitive_attributes": [],
          "private": "bnVsbA==",
          "dependencies": [
            "module.vpc.aws_route_table.private",
            "module.vpc.aws_subnet.private",
            "module.vpc.aws_vpc.this",
            "module.vpc.aws_vpc_ipv4_cidr_block_association.this"
          ]
        },
        {
          "index_key": 2,
          "schema_version": 0,
          "attributes": {
            "gateway_id": "",
            "id": "rtbassoc-0ec01d717bd4368d3",
            "route_table_id": "rtb-08f81fc5fbb083e78",
            "subnet_id": "subnet-080ff60ba8d9683f4"
          },
          "sensitive_attributes": [],
          "private": "bnVsbA==",
          "dependencies": [
            "module.vpc.aws_route_table.private",
            "module.vpc.aws_subnet.private",
            "module.vpc.aws_vpc.this",
            "module.vpc.aws_vpc_ipv4_cidr_block_association.this"
          ]
        },
        {
          "index_key": 3,
          "schema_version": 0,
          "attributes": {
            "gateway_id": "",
            "id": "rtbassoc-077b74b6188c7f92e",
            "route_table_id": "rtb-08f81fc5fbb083e78",
            "subnet_id": "subnet-0b32719f0b46b22f4"
          },
          "sensitive_attributes": [],
          "private": "bnVsbA==",
          "dependencies": [
            "module.vpc.aws_route_table.private",
            "module.vpc.aws_subnet.private",
            "module.vpc.aws_vpc.this",
            "module.vpc.aws_vpc_ipv4_cidr_block_association.this"
          ]
        },
        {
          "index_key": 4,
          "schema_version": 0,
          "attributes": {
            "gateway_id": "",
            "id": "rtbassoc-0cb437fa00ac7fa89",
            "route_table_id": "rtb-08f81fc5fbb083e78",
            "subnet_id": "subnet-0e0408d70a2decb21"
          },
          "sensitive_attributes": [],
          "private": "bnVsbA==",
          "dependencies": [
            "module.vpc.aws_route_table.private",
            "module.vpc.aws_subnet.private",
            "module.vpc.aws_vpc.this",
            "module.vpc.aws_vpc_ipv4_cidr_block_association.this"
          ]
        }
      ]
    },
    {
      "module": "module.vpc",
      "mode": "managed",
      "type": "aws_route_table_association",
      "name": "public",
      "provider": "provider[\"registry.terraform.io/hashicorp/aws\"]",
      "instances": [
        {
          "index_key": 0,
          "schema_version": 0,
          "attributes": {
            "gateway_id": "",
            "id": "rtbassoc-0881065ce1744baa7",
            "route_table_id": "rtb-0e75c7698e084a6ec",
            "subnet_id": "subnet-07c79efa5d30d7f73"
          },
          "sensitive_attributes": [],
          "private": "bnVsbA==",
          "dependencies": [
            "module.vpc.aws_route_table.public",
            "module.vpc.aws_subnet.public",
            "module.vpc.aws_vpc.this",
            "module.vpc.aws_vpc_ipv4_cidr_block_association.this"
          ]
        },
        {
          "index_key": 1,
          "schema_version": 0,
          "attributes": {
            "gateway_id": "",
            "id": "rtbassoc-0c3732992fe5477f1",
            "route_table_id": "rtb-0e75c7698e084a6ec",
            "subnet_id": "subnet-0180617d5c87b47c2"
          },
          "sensitive_attributes": [],
          "private": "bnVsbA==",
          "dependencies": [
            "module.vpc.aws_route_table.public",
            "module.vpc.aws_subnet.public",
            "module.vpc.aws_vpc.this",
            "module.vpc.aws_vpc_ipv4_cidr_block_association.this"
          ]
        },
        {
          "index_key": 2,
          "schema_version": 0,
          "attributes": {
            "gateway_id": "",
            "id": "rtbassoc-01cad212631abc891",
            "route_table_id": "rtb-0e75c7698e084a6ec",
            "subnet_id": "subnet-0d25aebf08a3a3d93"
          },
          "sensitive_attributes": [],
          "private": "bnVsbA==",
          "dependencies": [
            "module.vpc.aws_route_table.public",
            "module.vpc.aws_subnet.public",
            "module.vpc.aws_vpc.this",
            "module.vpc.aws_vpc_ipv4_cidr_block_association.this"
          ]
        },
        {
          "index_key": 3,
          "schema_version": 0,
          "attributes": {
            "gateway_id": "",
            "id": "rtbassoc-039650680441c2b28",
            "route_table_id": "rtb-0e75c7698e084a6ec",
            "subnet_id": "subnet-091e40b6040044349"
          },
          "sensitive_attributes": [],
          "private": "bnVsbA==",
          "dependencies": [
            "module.vpc.aws_route_table.public",
            "module.vpc.aws_subnet.public",
            "module.vpc.aws_vpc.this",
            "module.vpc.aws_vpc_ipv4_cidr_block_association.this"
          ]
        },
        {
          "index_key": 4,
          "schema_version": 0,
          "attributes": {
            "gateway_id": "",
            "id": "rtbassoc-089be9ad07b2f4b3e",
            "route_table_id": "rtb-0e75c7698e084a6ec",
            "subnet_id": "subnet-059385429de14b006"
          },
          "sensitive_attributes": [],
          "private": "bnVsbA==",
          "dependencies": [
            "module.vpc.aws_route_table.public",
            "module.vpc.aws_subnet.public",
            "module.vpc.aws_vpc.this",
            "module.vpc.aws_vpc_ipv4_cidr_block_association.this"
          ]
        }
      ]
    },
    {
      "module": "module.vpc",
      "mode": "managed",
      "type": "aws_subnet",
      "name": "private",
      "provider": "provider[\"registry.terraform.io/hashicorp/aws\"]",
      "instances": [
        {
          "index_key": 0,
          "schema_version": 1,
          "attributes": {
            "arn": "arn:aws:ec2:us-east-1:857120324933:subnet/subnet-06a75a1d71041ee00",
            "assign_ipv6_address_on_creation": false,
            "availability_zone": "us-east-1a",
            "availability_zone_id": "use1-az6",
            "cidr_block": "172.23.0.0/22",
            "customer_owned_ipv4_pool": "",
            "enable_dns64": false,
            "enable_resource_name_dns_a_record_on_launch": false,
            "enable_resource_name_dns_aaaa_record_on_launch": false,
            "id": "subnet-06a75a1d71041ee00",
            "ipv6_cidr_block": "",
            "ipv6_cidr_block_association_id": "",
            "ipv6_native": false,
            "map_customer_owned_ip_on_launch": false,
            "map_public_ip_on_launch": false,
            "outpost_arn": "",
            "owner_id": "857120324933",
            "private_dns_hostname_type_on_launch": "ip-name",
            "tags": {
              "Name": "caldera-test_private"
            },
            "tags_all": {
              "Name": "caldera-test_private"
            },
            "timeouts": null,
            "vpc_id": "vpc-00b4a9336ca393912"
          },
          "sensitive_attributes": [],
          "private": "eyJlMmJmYjczMC1lY2FhLTExZTYtOGY4OC0zNDM2M2JjN2M0YzAiOnsiY3JlYXRlIjo2MDAwMDAwMDAwMDAsImRlbGV0ZSI6MTIwMDAwMDAwMDAwMH0sInNjaGVtYV92ZXJzaW9uIjoiMSJ9",
          "dependencies": [
            "module.vpc.aws_vpc.this",
            "module.vpc.aws_vpc_ipv4_cidr_block_association.this"
          ]
        },
        {
          "index_key": 1,
          "schema_version": 1,
          "attributes": {
            "arn": "arn:aws:ec2:us-east-1:857120324933:subnet/subnet-026a2738da305dd65",
            "assign_ipv6_address_on_creation": false,
            "availability_zone": "us-east-1b",
            "availability_zone_id": "use1-az1",
            "cidr_block": "172.23.32.0/22",
            "customer_owned_ipv4_pool": "",
            "enable_dns64": false,
            "enable_resource_name_dns_a_record_on_launch": false,
            "enable_resource_name_dns_aaaa_record_on_launch": false,
            "id": "subnet-026a2738da305dd65",
            "ipv6_cidr_block": "",
            "ipv6_cidr_block_association_id": "",
            "ipv6_native": false,
            "map_customer_owned_ip_on_launch": false,
            "map_public_ip_on_launch": false,
            "outpost_arn": "",
            "owner_id": "857120324933",
            "private_dns_hostname_type_on_launch": "ip-name",
            "tags": {
              "Name": "caldera-test_private"
            },
            "tags_all": {
              "Name": "caldera-test_private"
            },
            "timeouts": null,
            "vpc_id": "vpc-00b4a9336ca393912"
          },
          "sensitive_attributes": [],
          "private": "eyJlMmJmYjczMC1lY2FhLTExZTYtOGY4OC0zNDM2M2JjN2M0YzAiOnsiY3JlYXRlIjo2MDAwMDAwMDAwMDAsImRlbGV0ZSI6MTIwMDAwMDAwMDAwMH0sInNjaGVtYV92ZXJzaW9uIjoiMSJ9",
          "dependencies": [
            "module.vpc.aws_vpc.this",
            "module.vpc.aws_vpc_ipv4_cidr_block_association.this"
          ]
        },
        {
          "index_key": 2,
          "schema_version": 1,
          "attributes": {
            "arn": "arn:aws:ec2:us-east-1:857120324933:subnet/subnet-080ff60ba8d9683f4",
            "assign_ipv6_address_on_creation": false,
            "availability_zone": "us-east-1c",
            "availability_zone_id": "use1-az2",
            "cidr_block": "172.23.64.0/22",
            "customer_owned_ipv4_pool": "",
            "enable_dns64": false,
            "enable_resource_name_dns_a_record_on_launch": false,
            "enable_resource_name_dns_aaaa_record_on_launch": false,
            "id": "subnet-080ff60ba8d9683f4",
            "ipv6_cidr_block": "",
            "ipv6_cidr_block_association_id": "",
            "ipv6_native": false,
            "map_customer_owned_ip_on_launch": false,
            "map_public_ip_on_launch": false,
            "outpost_arn": "",
            "owner_id": "857120324933",
            "private_dns_hostname_type_on_launch": "ip-name",
            "tags": {
              "Name": "caldera-test_private"
            },
            "tags_all": {
              "Name": "caldera-test_private"
            },
            "timeouts": null,
            "vpc_id": "vpc-00b4a9336ca393912"
          },
          "sensitive_attributes": [],
          "private": "eyJlMmJmYjczMC1lY2FhLTExZTYtOGY4OC0zNDM2M2JjN2M0YzAiOnsiY3JlYXRlIjo2MDAwMDAwMDAwMDAsImRlbGV0ZSI6MTIwMDAwMDAwMDAwMH0sInNjaGVtYV92ZXJzaW9uIjoiMSJ9",
          "dependencies": [
            "module.vpc.aws_vpc.this",
            "module.vpc.aws_vpc_ipv4_cidr_block_association.this"
          ]
        },
        {
          "index_key": 3,
          "schema_version": 1,
          "attributes": {
            "arn": "arn:aws:ec2:us-east-1:857120324933:subnet/subnet-0b32719f0b46b22f4",
            "assign_ipv6_address_on_creation": false,
            "availability_zone": "us-east-1d",
            "availability_zone_id": "use1-az4",
            "cidr_block": "172.23.96.0/22",
            "customer_owned_ipv4_pool": "",
            "enable_dns64": false,
            "enable_resource_name_dns_a_record_on_launch": false,
            "enable_resource_name_dns_aaaa_record_on_launch": false,
            "id": "subnet-0b32719f0b46b22f4",
            "ipv6_cidr_block": "",
            "ipv6_cidr_block_association_id": "",
            "ipv6_native": false,
            "map_customer_owned_ip_on_launch": false,
            "map_public_ip_on_launch": false,
            "outpost_arn": "",
            "owner_id": "857120324933",
            "private_dns_hostname_type_on_launch": "ip-name",
            "tags": {
              "Name": "caldera-test_private"
            },
            "tags_all": {
              "Name": "caldera-test_private"
            },
            "timeouts": null,
            "vpc_id": "vpc-00b4a9336ca393912"
          },
          "sensitive_attributes": [],
          "private": "eyJlMmJmYjczMC1lY2FhLTExZTYtOGY4OC0zNDM2M2JjN2M0YzAiOnsiY3JlYXRlIjo2MDAwMDAwMDAwMDAsImRlbGV0ZSI6MTIwMDAwMDAwMDAwMH0sInNjaGVtYV92ZXJzaW9uIjoiMSJ9",
          "dependencies": [
            "module.vpc.aws_vpc.this",
            "module.vpc.aws_vpc_ipv4_cidr_block_association.this"
          ]
        },
        {
          "index_key": 4,
          "schema_version": 1,
          "attributes": {
            "arn": "arn:aws:ec2:us-east-1:857120324933:subnet/subnet-0e0408d70a2decb21",
            "assign_ipv6_address_on_creation": false,
            "availability_zone": "us-east-1f",
            "availability_zone_id": "use1-az5",
            "cidr_block": "172.23.160.0/22",
            "customer_owned_ipv4_pool": "",
            "enable_dns64": false,
            "enable_resource_name_dns_a_record_on_launch": false,
            "enable_resource_name_dns_aaaa_record_on_launch": false,
            "id": "subnet-0e0408d70a2decb21",
            "ipv6_cidr_block": "",
            "ipv6_cidr_block_association_id": "",
            "ipv6_native": false,
            "map_customer_owned_ip_on_launch": false,
            "map_public_ip_on_launch": false,
            "outpost_arn": "",
            "owner_id": "857120324933",
            "private_dns_hostname_type_on_launch": "ip-name",
            "tags": {
              "Name": "caldera-test_private"
            },
            "tags_all": {
              "Name": "caldera-test_private"
            },
            "timeouts": null,
            "vpc_id": "vpc-00b4a9336ca393912"
          },
          "sensitive_attributes": [],
          "private": "eyJlMmJmYjczMC1lY2FhLTExZTYtOGY4OC0zNDM2M2JjN2M0YzAiOnsiY3JlYXRlIjo2MDAwMDAwMDAwMDAsImRlbGV0ZSI6MTIwMDAwMDAwMDAwMH0sInNjaGVtYV92ZXJzaW9uIjoiMSJ9",
          "dependencies": [
            "module.vpc.aws_vpc.this",
            "module.vpc.aws_vpc_ipv4_cidr_block_association.this"
          ]
        }
      ]
    },
    {
      "module": "module.vpc",
      "mode": "managed",
      "type": "aws_subnet",
      "name": "public",
      "provider": "provider[\"registry.terraform.io/hashicorp/aws\"]",
      "instances": [
        {
          "index_key": 0,
          "schema_version": 1,
          "attributes": {
            "arn": "arn:aws:ec2:us-east-1:857120324933:subnet/subnet-07c79efa5d30d7f73",
            "assign_ipv6_address_on_creation": false,
            "availability_zone": "us-east-1a",
            "availability_zone_id": "use1-az6",
            "cidr_block": "172.23.4.0/22",
            "customer_owned_ipv4_pool": "",
            "enable_dns64": false,
            "enable_resource_name_dns_a_record_on_launch": false,
            "enable_resource_name_dns_aaaa_record_on_launch": false,
            "id": "subnet-07c79efa5d30d7f73",
            "ipv6_cidr_block": "",
            "ipv6_cidr_block_association_id": "",
            "ipv6_native": false,
            "map_customer_owned_ip_on_launch": false,
            "map_public_ip_on_launch": true,
            "outpost_arn": "",
            "owner_id": "857120324933",
            "private_dns_hostname_type_on_launch": "ip-name",
            "tags": {
              "Name": "caldera-test_public"
            },
            "tags_all": {
              "Name": "caldera-test_public"
            },
            "timeouts": null,
            "vpc_id": "vpc-00b4a9336ca393912"
          },
          "sensitive_attributes": [],
          "private": "eyJlMmJmYjczMC1lY2FhLTExZTYtOGY4OC0zNDM2M2JjN2M0YzAiOnsiY3JlYXRlIjo2MDAwMDAwMDAwMDAsImRlbGV0ZSI6MTIwMDAwMDAwMDAwMH0sInNjaGVtYV92ZXJzaW9uIjoiMSJ9",
          "dependencies": [
            "module.vpc.aws_vpc.this",
            "module.vpc.aws_vpc_ipv4_cidr_block_association.this"
          ]
        },
        {
          "index_key": 1,
          "schema_version": 1,
          "attributes": {
            "arn": "arn:aws:ec2:us-east-1:857120324933:subnet/subnet-0180617d5c87b47c2",
            "assign_ipv6_address_on_creation": false,
            "availability_zone": "us-east-1b",
            "availability_zone_id": "use1-az1",
            "cidr_block": "172.23.36.0/22",
            "customer_owned_ipv4_pool": "",
            "enable_dns64": false,
            "enable_resource_name_dns_a_record_on_launch": false,
            "enable_resource_name_dns_aaaa_record_on_launch": false,
            "id": "subnet-0180617d5c87b47c2",
            "ipv6_cidr_block": "",
            "ipv6_cidr_block_association_id": "",
            "ipv6_native": false,
            "map_customer_owned_ip_on_launch": false,
            "map_public_ip_on_launch": true,
            "outpost_arn": "",
            "owner_id": "857120324933",
            "private_dns_hostname_type_on_launch": "ip-name",
            "tags": {
              "Name": "caldera-test_public"
            },
            "tags_all": {
              "Name": "caldera-test_public"
            },
            "timeouts": null,
            "vpc_id": "vpc-00b4a9336ca393912"
          },
          "sensitive_attributes": [],
          "private": "eyJlMmJmYjczMC1lY2FhLTExZTYtOGY4OC0zNDM2M2JjN2M0YzAiOnsiY3JlYXRlIjo2MDAwMDAwMDAwMDAsImRlbGV0ZSI6MTIwMDAwMDAwMDAwMH0sInNjaGVtYV92ZXJzaW9uIjoiMSJ9",
          "dependencies": [
            "module.vpc.aws_vpc.this",
            "module.vpc.aws_vpc_ipv4_cidr_block_association.this"
          ]
        },
        {
          "index_key": 2,
          "schema_version": 1,
          "attributes": {
            "arn": "arn:aws:ec2:us-east-1:857120324933:subnet/subnet-0d25aebf08a3a3d93",
            "assign_ipv6_address_on_creation": false,
            "availability_zone": "us-east-1c",
            "availability_zone_id": "use1-az2",
            "cidr_block": "172.23.68.0/22",
            "customer_owned_ipv4_pool": "",
            "enable_dns64": false,
            "enable_resource_name_dns_a_record_on_launch": false,
            "enable_resource_name_dns_aaaa_record_on_launch": false,
            "id": "subnet-0d25aebf08a3a3d93",
            "ipv6_cidr_block": "",
            "ipv6_cidr_block_association_id": "",
            "ipv6_native": false,
            "map_customer_owned_ip_on_launch": false,
            "map_public_ip_on_launch": true,
            "outpost_arn": "",
            "owner_id": "857120324933",
            "private_dns_hostname_type_on_launch": "ip-name",
            "tags": {
              "Name": "caldera-test_public"
            },
            "tags_all": {
              "Name": "caldera-test_public"
            },
            "timeouts": null,
            "vpc_id": "vpc-00b4a9336ca393912"
          },
          "sensitive_attributes": [],
          "private": "eyJlMmJmYjczMC1lY2FhLTExZTYtOGY4OC0zNDM2M2JjN2M0YzAiOnsiY3JlYXRlIjo2MDAwMDAwMDAwMDAsImRlbGV0ZSI6MTIwMDAwMDAwMDAwMH0sInNjaGVtYV92ZXJzaW9uIjoiMSJ9",
          "dependencies": [
            "module.vpc.aws_vpc.this",
            "module.vpc.aws_vpc_ipv4_cidr_block_association.this"
          ]
        },
        {
          "index_key": 3,
          "schema_version": 1,
          "attributes": {
            "arn": "arn:aws:ec2:us-east-1:857120324933:subnet/subnet-091e40b6040044349",
            "assign_ipv6_address_on_creation": false,
            "availability_zone": "us-east-1d",
            "availability_zone_id": "use1-az4",
            "cidr_block": "172.23.100.0/22",
            "customer_owned_ipv4_pool": "",
            "enable_dns64": false,
            "enable_resource_name_dns_a_record_on_launch": false,
            "enable_resource_name_dns_aaaa_record_on_launch": false,
            "id": "subnet-091e40b6040044349",
            "ipv6_cidr_block": "",
            "ipv6_cidr_block_association_id": "",
            "ipv6_native": false,
            "map_customer_owned_ip_on_launch": false,
            "map_public_ip_on_launch": true,
            "outpost_arn": "",
            "owner_id": "857120324933",
            "private_dns_hostname_type_on_launch": "ip-name",
            "tags": {
              "Name": "caldera-test_public"
            },
            "tags_all": {
              "Name": "caldera-test_public"
            },
            "timeouts": null,
            "vpc_id": "vpc-00b4a9336ca393912"
          },
          "sensitive_attributes": [],
          "private": "eyJlMmJmYjczMC1lY2FhLTExZTYtOGY4OC0zNDM2M2JjN2M0YzAiOnsiY3JlYXRlIjo2MDAwMDAwMDAwMDAsImRlbGV0ZSI6MTIwMDAwMDAwMDAwMH0sInNjaGVtYV92ZXJzaW9uIjoiMSJ9",
          "dependencies": [
            "module.vpc.aws_vpc.this",
            "module.vpc.aws_vpc_ipv4_cidr_block_association.this"
          ]
        },
        {
          "index_key": 4,
          "schema_version": 1,
          "attributes": {
            "arn": "arn:aws:ec2:us-east-1:857120324933:subnet/subnet-059385429de14b006",
            "assign_ipv6_address_on_creation": false,
            "availability_zone": "us-east-1f",
            "availability_zone_id": "use1-az5",
            "cidr_block": "172.23.164.0/22",
            "customer_owned_ipv4_pool": "",
            "enable_dns64": false,
            "enable_resource_name_dns_a_record_on_launch": false,
            "enable_resource_name_dns_aaaa_record_on_launch": false,
            "id": "subnet-059385429de14b006",
            "ipv6_cidr_block": "",
            "ipv6_cidr_block_association_id": "",
            "ipv6_native": false,
            "map_customer_owned_ip_on_launch": false,
            "map_public_ip_on_launch": true,
            "outpost_arn": "",
            "owner_id": "857120324933",
            "private_dns_hostname_type_on_launch": "ip-name",
            "tags": {
              "Name": "caldera-test_public"
            },
            "tags_all": {
              "Name": "caldera-test_public"
            },
            "timeouts": null,
            "vpc_id": "vpc-00b4a9336ca393912"
          },
          "sensitive_attributes": [],
          "private": "eyJlMmJmYjczMC1lY2FhLTExZTYtOGY4OC0zNDM2M2JjN2M0YzAiOnsiY3JlYXRlIjo2MDAwMDAwMDAwMDAsImRlbGV0ZSI6MTIwMDAwMDAwMDAwMH0sInNjaGVtYV92ZXJzaW9uIjoiMSJ9",
          "dependencies": [
            "module.vpc.aws_vpc.this",
            "module.vpc.aws_vpc_ipv4_cidr_block_association.this"
          ]
        }
      ]
    },
    {
      "module": "module.vpc",
      "mode": "managed",
      "type": "aws_vpc",
      "name": "this",
      "provider": "provider[\"registry.terraform.io/hashicorp/aws\"]",
      "instances": [
        {
          "index_key": 0,
          "schema_version": 1,
          "attributes": {
            "arn": "arn:aws:ec2:us-east-1:857120324933:vpc/vpc-00b4a9336ca393912",
            "assign_generated_ipv6_cidr_block": false,
            "cidr_block": "172.23.0.0/16",
            "default_network_acl_id": "acl-005f8397c42901b0c",
            "default_route_table_id": "rtb-0636e0fb3b5ddc885",
            "default_security_group_id": "sg-01404ef95fa47ce9f",
            "dhcp_options_id": "dopt-03206be47d7610f92",
            "enable_classiclink": false,
            "enable_classiclink_dns_support": false,
            "enable_dns_hostnames": true,
            "enable_dns_support": true,
            "id": "vpc-00b4a9336ca393912",
            "instance_tenancy": "default",
            "ipv4_ipam_pool_id": null,
            "ipv4_netmask_length": null,
            "ipv6_association_id": "",
            "ipv6_cidr_block": "",
            "ipv6_cidr_block_network_border_group": "",
            "ipv6_ipam_pool_id": "",
            "ipv6_netmask_length": 0,
            "main_route_table_id": "rtb-0636e0fb3b5ddc885",
            "owner_id": "857120324933",
            "tags": {
              "Name": "VPC"
            },
            "tags_all": {
              "Name": "VPC"
            }
          },
          "sensitive_attributes": [],
          "private": "eyJzY2hlbWFfdmVyc2lvbiI6IjEifQ=="
        }
      ]
    }
  ]
}
