{
  "version": 4,
  "terraform_version": "1.2.4",
  "serial": 38,
  "lineage": "0010fb8d-e259-2bfb-f4c7-d44a68b1add8",
  "outputs": {
    "caldera_server_id": {
      "value": "i-04349fbb885413235",
      "type": "string"
    },
    "caldera_server_ip": {
      "value": "35.175.222.237",
      "type": "string"
    },
    "linux_host_id": {
      "value": "i-0c03532339ea0b48e",
      "type": "string"
    },
    "linux_host_ip": {
      "value": "172.23.32.95",
      "type": "string"
    },
    "rsa_private_key": {
      "value": "-----BEGIN RSA PRIVATE KEY-----\nMIIJKAIBAAKCAgEAp73VQumVy6v8CBddl8U6xIlCsccQPQG4VJHP8ECmpQdYqMHy\nrbJtdonwreuAbebPpYOb2KHBlADTSNq08KNJ4a5yHWm9vozJldxifk+Bw1LPoHU6\nA3TrtS4AokN8iSClZ7hr8Ydj57kmeByCAh1PLA41ezdYgfo9kVbZPh8Igt3sWPLd\n5ynivOVtlmT3lxMlz+EZNSuqaUTQchNlBuELhxO+9707Ch0y75xmmiqzTHTEWY+R\nK8EOs2n9cCoA7tKD63WnlIsld+FTyHtEm+SCuKQicRXqMbhDJ4+5UzVy4BRXTiaj\nDUFkYkOUh5ulo31j5ExLcI0Lls1mU4u2n/dQ3HrZKtvDXJSlksF0HMuX2xC45xYM\ndEBzDJXj/hLlzoxXjf0uE9xsWakLYTQdGizlHvtppkSf/X0P6ZnjXDWXHOupOOFj\nUoBNAD2kJgeXX5+qosPeRVlYD5cCFQpDtcOZbmrWiEkdf4kTLwvzMU+fhXwZVwxu\nx5A/ZEHYiOMGoSsDjzaiSVQGpnMuQptZjoLWeIln6hGDCdqAABBk6ytx+R9JyBEN\nS6n332WKuodulJ5Yyle69m51zdnOsM8JkSGx+duUMhyhsQdhqshyyaQ3Pm+zGB8V\nu2OS+AdkurA3RhLDFovbPxCzTffdZIbcsL2mqItw0i3lioeBtgS5FAJSv7cCAwEA\nAQKCAgBE2Qq2Ow+LmByK6aQ1jfMwBbKFK1JD5/fTZkG1t6NuatR995T2rBx3oehS\nSi3dbfXeVmVaBhJg//G4nmPTvQGvCp216tfBZSG8S8d1VobJN60Wi+by0kOIisgh\n0ZdE5UxehPhxGwPrcTgT5oeJ/KOpTm+vEilWt/IbPE1QTQZ+SD4gyBZCMhPpOjW/\nm9Nvg6FqcFabVz/Lkz4HBGTb7PSBTZ59KoMYBKIKbORD9LDA+dA5fk60abnx89fc\n+LCHVYpl01WkB3SqfqaXy9h+L81joaKtTbRhEeMmUrxbJb3vsQmgfwU/hI6CMoC9\nJCpZLzcX1iTEnm+aRtXwBpE/mQ/rtHy0kKPQcJdczTEUjvfcmObOb6Th95rGPBjN\nHvoF1+F4yPDb/Vzj10+hzce0W9JwCIhZXDgjU6z2c4QkW7q/L5uDjngZIrn3xyS/\nfaDhCsmUqZ+Qc7jqUv6Sy8yP2GW+uBlx5TxsPIxUO+kyGDGHfDNFeS7Cek/JMAbs\nrx3FHumaAq9qONlwDE7tn3+o9Ah/m+hF10vDLra9rqSowiWOn5JXGo2okYXIc3pn\nuuHsfiAgTfIkNuy+fOnOxWo/9wP7gxCOhmB2C9pENG4E7MPqqtqAsFCaf+hl7j32\nq7WZiYGYiqBvw1ATORSY7whOtGzh0nv/bHAh+212GmEP1jaZuQKCAQEAxKG1XNox\nXR1B21EDeqAqu8oskVeh4FYIk6ZVH/hcutvOJV42qy43/CR4ru0WQAxE4/sDr99y\nLDjBs17lrptzg7mIWgEL2hi3KKcM3nK3qnYHZsrhYs43sAOFyl6NKI0iOrbl+wCb\nPQizZsQBMRQ+pQwui/A95ilqPj3ANhvTTRg6Xd9yHPgQY0BAQNZho+ofqEOdMvjt\nf8nQxv/0qLnA8LObWA35qiXnrqQDcUG8Ytrx8PUyMiP8g1RggtUv7UdoIFTdPUuQ\nyt8nNHfUZKG3cGK2TDO0kW7e1OXD6Zycz6Hr1wakOH+HXUWIIAME1e4a4FmvGhdQ\nBAFfWDwQvPy4awKCAQEA2mMdAxvnU+Uwgc8kPc4+/E49ItRiVfEpl8q9NoHHkXCg\niZNOuDIx93ucke0UkzeWGg4kdI0UhAyS9ByYQc1o1rfNvxc1gEmF1oXmeooN4SM3\nA3Xy2/t3pbyZQg1X1t3mlciSYGbTVA73tSjPvHIPO/t888NSKPvu4YD8XzJGc4o6\nuDfYNjtzX/f295HzdQgo1Vd8TAmMqTC0MGim2FAwv3crz11gYL0ijtEP1KdCYq1S\na1Yjn+z/1P68wwGS62H4Zrm8EReEvkgiucBgggirnwmeEZG0SKrwH/x54HDBT5YO\nH9wcMY9HBqIBinrdZYMaZNi0sbBNiHIsDsxYWddY5QKCAQBWBOAQVKuProLm7NP2\nyyamrFU+5/U67Kgn33YR3FbEr+/IzSRhUoDPXy0kaTd4oWVpzp/YSonp6pJiY7ta\n3Up1b67EoPyMVo+ZyyqIDetnOOcYAt0CmnAmIgRfeWmLOeKliOmnGqbO1oWVCV30\nGIUnMuMR+PE7RRbjT6RMh3OyoEy4UE3dem/A25TASIjCamOa+qlEaT2Mz77zr3la\nbpiHNCtbJBH6a0alUb7nxvggzuNUpA9ne/K1iS4HTjf/N2PH8Rgv/mTDO0gtXdae\nh1h2Y9iYEW6GyNfWjwVbp1W6R32ivZcN2Exhc0+PoYJ2DAnZ56IAaf5pIiiRswUn\nh+8tAoIBAQDSXPDAYuuU88ui7v6xDm+7qD3ZxA2pTXHMRr22uJKddYkenKgSZD+f\nbhHmuyG7oarUFFVnc9KUVGxl+vlrQUtAsbLd5KRjm+7xMvBNj5hJCxveGIrE/llF\nbAORDbtUPVH1bEwb0lC0wuo3NkXM923XUKwPP1FwKyXzUMVJies1NqzTcO+zZdcA\nVaIu3gdO73ot72TK9dPp0gFwNA6rhas/c7Lev8qrxOR5/8YpCKi41s3ymPod/jR9\nXphDm8uDM08M3NLc//OdO20/0qDkASgYPTJnKBwqd4ZwuUpJOTPsztVyORtrXeGD\n8SBc3XdQZlZRWDHOi85Tpe7snkho2jhFAoIBAEiUwSzhxe03oLMhflOboesC/bxi\nvw3Xk4w1fbdhwqoUN+tbmi4t0Pmk9MOkEpwLDW9wWaY6dov7u45UqI96atuFn1K6\np7STaq19YUkr4tIw5iBvsShqI+vu/MB1h2MMeCRvgipQHEVEHjiLX9BCSGgY3JRw\n4W5SQwRAmb6sz6Bfz0YtqPjKcVLFuubqfADwyLjxSeQEJ9uL1P/YLgWGgkI1xNtI\n93hrUF3FgTjssZrK8wzc3cswvveRKG/cSsy/OKDSUFFPeqMqAMsellevE45RH3J7\n87tpNIaDRhQJGNOTZ3KKevwlU45omshKy5IIaWeMuJW/Uflyewhi6b0917s=\n-----END RSA PRIVATE KEY-----\n",
      "type": "string"
    },
    "windows_host_id": {
      "value": "i-08e5af92139f8080a",
      "type": "string"
    },
    "windows_host_ip": {
      "value": "172.23.64.95",
      "type": "string"
    }
  },
  "resources": [
    {
      "mode": "managed",
      "type": "aws_instance",
      "name": "caldera_server",
      "provider": "provider[\"registry.terraform.io/hashicorp/aws\"]",
      "instances": [
        {
          "schema_version": 1,
          "attributes": {
            "ami": "ami-09d56f8956ab235b3",
            "arn": "arn:aws:ec2:us-east-1:906105182569:instance/i-04349fbb885413235",
            "associate_public_ip_address": true,
            "availability_zone": "us-east-1a",
            "capacity_reservation_specification": [
              {
                "capacity_reservation_preference": "open",
                "capacity_reservation_target": []
              }
            ],
            "cpu_core_count": 1,
            "cpu_threads_per_core": 2,
            "credit_specification": [
              {
                "cpu_credits": "unlimited"
              }
            ],
            "disable_api_stop": false,
            "disable_api_termination": false,
            "ebs_block_device": [],
            "ebs_optimized": false,
            "enclave_options": [
              {
                "enabled": false
              }
            ],
            "ephemeral_block_device": [],
            "get_password_data": false,
            "hibernation": false,
            "host_id": null,
            "iam_instance_profile": "",
            "id": "i-04349fbb885413235",
            "instance_initiated_shutdown_behavior": "stop",
            "instance_state": "running",
            "instance_type": "t3.medium",
            "ipv6_address_count": 0,
            "ipv6_addresses": [],
            "key_name": "caldera-nodes",
            "launch_template": [],
            "maintenance_options": [
              {
                "auto_recovery": "default"
              }
            ],
            "metadata_options": [
              {
                "http_endpoint": "enabled",
                "http_put_response_hop_limit": 1,
                "http_tokens": "optional",
                "instance_metadata_tags": "disabled"
              }
            ],
            "monitoring": false,
            "network_interface": [],
            "outpost_arn": "",
            "password_data": "",
            "placement_group": "",
            "placement_partition_number": null,
            "primary_network_interface_id": "eni-0c1b93f721765df2a",
            "private_dns": "ip-172-23-4-95.ec2.internal",
            "private_dns_name_options": [
              {
                "enable_resource_name_dns_a_record": false,
                "enable_resource_name_dns_aaaa_record": false,
                "hostname_type": "ip-name"
              }
            ],
            "private_ip": "172.23.4.95",
            "public_dns": "ec2-35-175-222-237.compute-1.amazonaws.com",
            "public_ip": "35.175.222.237",
            "root_block_device": [
              {
                "delete_on_termination": true,
                "device_name": "/dev/sda1",
                "encrypted": false,
                "iops": 100,
                "kms_key_id": "",
                "tags": {},
                "throughput": 0,
                "volume_id": "vol-0ebed78e13f7fd4d9",
                "volume_size": 8,
                "volume_type": "gp2"
              }
            ],
            "secondary_private_ips": [],
            "security_groups": [],
            "source_dest_check": true,
            "subnet_id": "subnet-01b9e5cf203870928",
            "tags": {
              "Name": "caldera_server",
              "environment": "caldera-test"
            },
            "tags_all": {
              "Name": "caldera_server",
              "environment": "caldera-test"
            },
            "tenancy": "default",
            "timeouts": null,
            "user_data": null,
            "user_data_base64": null,
            "user_data_replace_on_change": false,
            "volume_tags": null,
            "vpc_security_group_ids": [
              "sg-03305625e2a9bf05a"
            ]
          },
          "sensitive_attributes": [],
          "private": "eyJlMmJmYjczMC1lY2FhLTExZTYtOGY4OC0zNDM2M2JjN2M0YzAiOnsiY3JlYXRlIjo2MDAwMDAwMDAwMDAsImRlbGV0ZSI6MTIwMDAwMDAwMDAwMCwidXBkYXRlIjo2MDAwMDAwMDAwMDB9LCJzY2hlbWFfdmVyc2lvbiI6IjEifQ==",
          "dependencies": [
            "aws_security_group.sg_caldera_server",
            "module.aws_rsa_key.aws_key_pair.worker",
            "module.aws_rsa_key.local_file.ssh_local",
            "module.aws_rsa_key.tls_private_key.ssh_key",
            "module.vpc.aws_cloudwatch_log_group.flow_log",
            "module.vpc.aws_customer_gateway.this",
            "module.vpc.aws_db_subnet_group.database",
            "module.vpc.aws_default_network_acl.this",
            "module.vpc.aws_default_route_table.default",
            "module.vpc.aws_default_security_group.this",
            "module.vpc.aws_default_vpc.this",
            "module.vpc.aws_egress_only_internet_gateway.this",
            "module.vpc.aws_eip.nat",
            "module.vpc.aws_elasticache_subnet_group.elasticache",
            "module.vpc.aws_flow_log.this",
            "module.vpc.aws_iam_policy.vpc_flow_log_cloudwatch",
            "module.vpc.aws_iam_role.vpc_flow_log_cloudwatch",
            "module.vpc.aws_iam_role_policy_attachment.vpc_flow_log_cloudwatch",
            "module.vpc.aws_internet_gateway.this",
            "module.vpc.aws_nat_gateway.this",
            "module.vpc.aws_network_acl.database",
            "module.vpc.aws_network_acl.elasticache",
            "module.vpc.aws_network_acl.intra",
            "module.vpc.aws_network_acl.outpost",
            "module.vpc.aws_network_acl.private",
            "module.vpc.aws_network_acl.public",
            "module.vpc.aws_network_acl.redshift",
            "module.vpc.aws_network_acl_rule.database_inbound",
            "module.vpc.aws_network_acl_rule.database_outbound",
            "module.vpc.aws_network_acl_rule.elasticache_inbound",
            "module.vpc.aws_network_acl_rule.elasticache_outbound",
            "module.vpc.aws_network_acl_rule.intra_inbound",
            "module.vpc.aws_network_acl_rule.intra_outbound",
            "module.vpc.aws_network_acl_rule.outpost_inbound",
            "module.vpc.aws_network_acl_rule.outpost_outbound",
            "module.vpc.aws_network_acl_rule.private_inbound",
            "module.vpc.aws_network_acl_rule.private_outbound",
            "module.vpc.aws_network_acl_rule.public_inbound",
            "module.vpc.aws_network_acl_rule.public_outbound",
            "module.vpc.aws_network_acl_rule.redshift_inbound",
            "module.vpc.aws_network_acl_rule.redshift_outbound",
            "module.vpc.aws_redshift_subnet_group.redshift",
            "module.vpc.aws_route.database_internet_gateway",
            "module.vpc.aws_route.database_ipv6_egress",
            "module.vpc.aws_route.database_nat_gateway",
            "module.vpc.aws_route.private_ipv6_egress",
            "module.vpc.aws_route.private_nat_gateway",
            "module.vpc.aws_route.public_internet_gateway",
            "module.vpc.aws_route.public_internet_gateway_ipv6",
            "module.vpc.aws_route_table.database",
            "module.vpc.aws_route_table.elasticache",
            "module.vpc.aws_route_table.intra",
            "module.vpc.aws_route_table.private",
            "module.vpc.aws_route_table.public",
            "module.vpc.aws_route_table.redshift",
            "module.vpc.aws_route_table_association.database",
            "module.vpc.aws_route_table_association.elasticache",
            "module.vpc.aws_route_table_association.intra",
            "module.vpc.aws_route_table_association.outpost",
            "module.vpc.aws_route_table_association.private",
            "module.vpc.aws_route_table_association.public",
            "module.vpc.aws_route_table_association.redshift",
            "module.vpc.aws_route_table_association.redshift_public",
            "module.vpc.aws_subnet.database",
            "module.vpc.aws_subnet.elasticache",
            "module.vpc.aws_subnet.intra",
            "module.vpc.aws_subnet.outpost",
            "module.vpc.aws_subnet.private",
            "module.vpc.aws_subnet.public",
            "module.vpc.aws_subnet.redshift",
            "module.vpc.aws_vpc.this",
            "module.vpc.aws_vpc_dhcp_options.this",
            "module.vpc.aws_vpc_dhcp_options_association.this",
            "module.vpc.aws_vpc_ipv4_cidr_block_association.this",
            "module.vpc.aws_vpn_gateway.this",
            "module.vpc.aws_vpn_gateway_attachment.this",
            "module.vpc.aws_vpn_gateway_route_propagation.intra",
            "module.vpc.aws_vpn_gateway_route_propagation.private",
            "module.vpc.aws_vpn_gateway_route_propagation.public",
            "module.vpc.data.aws_iam_policy_document.flow_log_cloudwatch_assume_role",
            "module.vpc.data.aws_iam_policy_document.vpc_flow_log_cloudwatch"
          ]
        }
      ]
    },
    {
      "mode": "managed",
      "type": "aws_instance",
      "name": "linux_host",
      "provider": "provider[\"registry.terraform.io/hashicorp/aws\"]",
      "instances": [
        {
          "schema_version": 1,
          "attributes": {
            "ami": "ami-09d56f8956ab235b3",
            "arn": "arn:aws:ec2:us-east-1:906105182569:instance/i-0c03532339ea0b48e",
            "associate_public_ip_address": false,
            "availability_zone": "us-east-1b",
            "capacity_reservation_specification": [
              {
                "capacity_reservation_preference": "open",
                "capacity_reservation_target": []
              }
            ],
            "cpu_core_count": 1,
            "cpu_threads_per_core": 1,
            "credit_specification": [
              {
                "cpu_credits": "standard"
              }
            ],
            "disable_api_stop": false,
            "disable_api_termination": false,
            "ebs_block_device": [],
            "ebs_optimized": false,
            "enclave_options": [
              {
                "enabled": false
              }
            ],
            "ephemeral_block_device": [],
            "get_password_data": false,
            "hibernation": false,
            "host_id": null,
            "iam_instance_profile": "",
            "id": "i-0c03532339ea0b48e",
            "instance_initiated_shutdown_behavior": "stop",
            "instance_state": "running",
            "instance_type": "t2.small",
            "ipv6_address_count": 0,
            "ipv6_addresses": [],
            "key_name": "caldera-nodes",
            "launch_template": [],
            "maintenance_options": [
              {
                "auto_recovery": "default"
              }
            ],
            "metadata_options": [
              {
                "http_endpoint": "enabled",
                "http_put_response_hop_limit": 1,
                "http_tokens": "optional",
                "instance_metadata_tags": "disabled"
              }
            ],
            "monitoring": false,
            "network_interface": [],
            "outpost_arn": "",
            "password_data": "",
            "placement_group": "",
            "placement_partition_number": null,
            "primary_network_interface_id": "eni-00a33f30cdf318312",
            "private_dns": "ip-172-23-32-95.ec2.internal",
            "private_dns_name_options": [
              {
                "enable_resource_name_dns_a_record": false,
                "enable_resource_name_dns_aaaa_record": false,
                "hostname_type": "ip-name"
              }
            ],
            "private_ip": "172.23.32.95",
            "public_dns": "",
            "public_ip": "",
            "root_block_device": [
              {
                "delete_on_termination": true,
                "device_name": "/dev/sda1",
                "encrypted": false,
                "iops": 100,
                "kms_key_id": "",
                "tags": {},
                "throughput": 0,
                "volume_id": "vol-0be7c4feb58dc634f",
                "volume_size": 8,
                "volume_type": "gp2"
              }
            ],
            "secondary_private_ips": [],
            "security_groups": [],
            "source_dest_check": true,
            "subnet_id": "subnet-0da5f56aba385dd6d",
            "tags": {
              "Name": "linux_host",
              "environment": "caldera-test"
            },
            "tags_all": {
              "Name": "linux_host",
              "environment": "caldera-test"
            },
            "tenancy": "default",
            "timeouts": null,
            "user_data": null,
            "user_data_base64": null,
            "user_data_replace_on_change": false,
            "volume_tags": null,
            "vpc_security_group_ids": [
              "sg-0be9fdad8715f870b"
            ]
          },
          "sensitive_attributes": [],
          "private": "eyJlMmJmYjczMC1lY2FhLTExZTYtOGY4OC0zNDM2M2JjN2M0YzAiOnsiY3JlYXRlIjo2MDAwMDAwMDAwMDAsImRlbGV0ZSI6MTIwMDAwMDAwMDAwMCwidXBkYXRlIjo2MDAwMDAwMDAwMDB9LCJzY2hlbWFfdmVyc2lvbiI6IjEifQ==",
          "dependencies": [
            "aws_instance.caldera_server",
            "aws_security_group.sg_caldera_linux",
            "module.aws_rsa_key.aws_key_pair.worker",
            "module.aws_rsa_key.local_file.ssh_local",
            "module.aws_rsa_key.tls_private_key.ssh_key",
            "module.vpc.aws_cloudwatch_log_group.flow_log",
            "module.vpc.aws_customer_gateway.this",
            "module.vpc.aws_db_subnet_group.database",
            "module.vpc.aws_default_network_acl.this",
            "module.vpc.aws_default_route_table.default",
            "module.vpc.aws_default_security_group.this",
            "module.vpc.aws_default_vpc.this",
            "module.vpc.aws_egress_only_internet_gateway.this",
            "module.vpc.aws_eip.nat",
            "module.vpc.aws_elasticache_subnet_group.elasticache",
            "module.vpc.aws_flow_log.this",
            "module.vpc.aws_iam_policy.vpc_flow_log_cloudwatch",
            "module.vpc.aws_iam_role.vpc_flow_log_cloudwatch",
            "module.vpc.aws_iam_role_policy_attachment.vpc_flow_log_cloudwatch",
            "module.vpc.aws_internet_gateway.this",
            "module.vpc.aws_nat_gateway.this",
            "module.vpc.aws_network_acl.database",
            "module.vpc.aws_network_acl.elasticache",
            "module.vpc.aws_network_acl.intra",
            "module.vpc.aws_network_acl.outpost",
            "module.vpc.aws_network_acl.private",
            "module.vpc.aws_network_acl.public",
            "module.vpc.aws_network_acl.redshift",
            "module.vpc.aws_network_acl_rule.database_inbound",
            "module.vpc.aws_network_acl_rule.database_outbound",
            "module.vpc.aws_network_acl_rule.elasticache_inbound",
            "module.vpc.aws_network_acl_rule.elasticache_outbound",
            "module.vpc.aws_network_acl_rule.intra_inbound",
            "module.vpc.aws_network_acl_rule.intra_outbound",
            "module.vpc.aws_network_acl_rule.outpost_inbound",
            "module.vpc.aws_network_acl_rule.outpost_outbound",
            "module.vpc.aws_network_acl_rule.private_inbound",
            "module.vpc.aws_network_acl_rule.private_outbound",
            "module.vpc.aws_network_acl_rule.public_inbound",
            "module.vpc.aws_network_acl_rule.public_outbound",
            "module.vpc.aws_network_acl_rule.redshift_inbound",
            "module.vpc.aws_network_acl_rule.redshift_outbound",
            "module.vpc.aws_redshift_subnet_group.redshift",
            "module.vpc.aws_route.database_internet_gateway",
            "module.vpc.aws_route.database_ipv6_egress",
            "module.vpc.aws_route.database_nat_gateway",
            "module.vpc.aws_route.private_ipv6_egress",
            "module.vpc.aws_route.private_nat_gateway",
            "module.vpc.aws_route.public_internet_gateway",
            "module.vpc.aws_route.public_internet_gateway_ipv6",
            "module.vpc.aws_route_table.database",
            "module.vpc.aws_route_table.elasticache",
            "module.vpc.aws_route_table.intra",
            "module.vpc.aws_route_table.private",
            "module.vpc.aws_route_table.public",
            "module.vpc.aws_route_table.redshift",
            "module.vpc.aws_route_table_association.database",
            "module.vpc.aws_route_table_association.elasticache",
            "module.vpc.aws_route_table_association.intra",
            "module.vpc.aws_route_table_association.outpost",
            "module.vpc.aws_route_table_association.private",
            "module.vpc.aws_route_table_association.public",
            "module.vpc.aws_route_table_association.redshift",
            "module.vpc.aws_route_table_association.redshift_public",
            "module.vpc.aws_subnet.database",
            "module.vpc.aws_subnet.elasticache",
            "module.vpc.aws_subnet.intra",
            "module.vpc.aws_subnet.outpost",
            "module.vpc.aws_subnet.private",
            "module.vpc.aws_subnet.public",
            "module.vpc.aws_subnet.redshift",
            "module.vpc.aws_vpc.this",
            "module.vpc.aws_vpc_dhcp_options.this",
            "module.vpc.aws_vpc_dhcp_options_association.this",
            "module.vpc.aws_vpc_ipv4_cidr_block_association.this",
            "module.vpc.aws_vpn_gateway.this",
            "module.vpc.aws_vpn_gateway_attachment.this",
            "module.vpc.aws_vpn_gateway_route_propagation.intra",
            "module.vpc.aws_vpn_gateway_route_propagation.private",
            "module.vpc.aws_vpn_gateway_route_propagation.public",
            "module.vpc.data.aws_iam_policy_document.flow_log_cloudwatch_assume_role",
            "module.vpc.data.aws_iam_policy_document.vpc_flow_log_cloudwatch"
          ]
        }
      ]
    },
    {
      "mode": "managed",
      "type": "aws_instance",
      "name": "windows_host",
      "provider": "provider[\"registry.terraform.io/hashicorp/aws\"]",
      "instances": [
        {
          "schema_version": 1,
          "attributes": {
            "ami": "ami-0193dcf9aa4f5654e",
            "arn": "arn:aws:ec2:us-east-1:906105182569:instance/i-08e5af92139f8080a",
            "associate_public_ip_address": false,
            "availability_zone": "us-east-1c",
            "capacity_reservation_specification": [
              {
                "capacity_reservation_preference": "open",
                "capacity_reservation_target": []
              }
            ],
            "cpu_core_count": 1,
            "cpu_threads_per_core": 2,
            "credit_specification": [
              {
                "cpu_credits": "unlimited"
              }
            ],
            "disable_api_stop": false,
            "disable_api_termination": false,
            "ebs_block_device": [],
            "ebs_optimized": false,
            "enclave_options": [
              {
                "enabled": false
              }
            ],
            "ephemeral_block_device": [],
            "get_password_data": false,
            "hibernation": false,
            "host_id": null,
            "iam_instance_profile": "",
            "id": "i-08e5af92139f8080a",
            "instance_initiated_shutdown_behavior": "stop",
            "instance_state": "running",
            "instance_type": "t3.medium",
            "ipv6_address_count": 0,
            "ipv6_addresses": [],
            "key_name": "caldera-nodes",
            "launch_template": [],
            "maintenance_options": [
              {
                "auto_recovery": "default"
              }
            ],
            "metadata_options": [
              {
                "http_endpoint": "enabled",
                "http_put_response_hop_limit": 1,
                "http_tokens": "optional",
                "instance_metadata_tags": "disabled"
              }
            ],
            "monitoring": false,
            "network_interface": [],
            "outpost_arn": "",
            "password_data": "",
            "placement_group": "",
            "placement_partition_number": null,
            "primary_network_interface_id": "eni-003875260fa37bec1",
            "private_dns": "ip-172-23-64-95.ec2.internal",
            "private_dns_name_options": [
              {
                "enable_resource_name_dns_a_record": false,
                "enable_resource_name_dns_aaaa_record": false,
                "hostname_type": "ip-name"
              }
            ],
            "private_ip": "172.23.64.95",
            "public_dns": "",
            "public_ip": "",
            "root_block_device": [
              {
                "delete_on_termination": true,
                "device_name": "/dev/sda1",
                "encrypted": false,
                "iops": 100,
                "kms_key_id": "",
                "tags": {},
                "throughput": 0,
                "volume_id": "vol-00d47cc0435e7eb8d",
                "volume_size": 30,
                "volume_type": "gp2"
              }
            ],
            "secondary_private_ips": [],
            "security_groups": [],
            "source_dest_check": true,
            "subnet_id": "subnet-090fadba404f9ff40",
            "tags": {
              "Name": "windows_host",
              "environment": "caldera-test"
            },
            "tags_all": {
              "Name": "windows_host",
              "environment": "caldera-test"
            },
            "tenancy": "default",
            "timeouts": null,
            "user_data": "8d2cac9cfbb35aa92861f612274d1f1f6848e59c",
            "user_data_base64": null,
            "user_data_replace_on_change": false,
            "volume_tags": null,
            "vpc_security_group_ids": [
              "sg-03830da7adb066133"
            ]
          },
          "sensitive_attributes": [],
          "private": "eyJlMmJmYjczMC1lY2FhLTExZTYtOGY4OC0zNDM2M2JjN2M0YzAiOnsiY3JlYXRlIjo2MDAwMDAwMDAwMDAsImRlbGV0ZSI6MTIwMDAwMDAwMDAwMCwidXBkYXRlIjo2MDAwMDAwMDAwMDB9LCJzY2hlbWFfdmVyc2lvbiI6IjEifQ==",
          "dependencies": [
            "aws_instance.caldera_server",
            "aws_security_group.sg_caldera_windows",
            "module.aws_rsa_key.aws_key_pair.worker",
            "module.aws_rsa_key.local_file.ssh_local",
            "module.aws_rsa_key.tls_private_key.ssh_key",
            "module.vpc.aws_cloudwatch_log_group.flow_log",
            "module.vpc.aws_customer_gateway.this",
            "module.vpc.aws_db_subnet_group.database",
            "module.vpc.aws_default_network_acl.this",
            "module.vpc.aws_default_route_table.default",
            "module.vpc.aws_default_security_group.this",
            "module.vpc.aws_default_vpc.this",
            "module.vpc.aws_egress_only_internet_gateway.this",
            "module.vpc.aws_eip.nat",
            "module.vpc.aws_elasticache_subnet_group.elasticache",
            "module.vpc.aws_flow_log.this",
            "module.vpc.aws_iam_policy.vpc_flow_log_cloudwatch",
            "module.vpc.aws_iam_role.vpc_flow_log_cloudwatch",
            "module.vpc.aws_iam_role_policy_attachment.vpc_flow_log_cloudwatch",
            "module.vpc.aws_internet_gateway.this",
            "module.vpc.aws_nat_gateway.this",
            "module.vpc.aws_network_acl.database",
            "module.vpc.aws_network_acl.elasticache",
            "module.vpc.aws_network_acl.intra",
            "module.vpc.aws_network_acl.outpost",
            "module.vpc.aws_network_acl.private",
            "module.vpc.aws_network_acl.public",
            "module.vpc.aws_network_acl.redshift",
            "module.vpc.aws_network_acl_rule.database_inbound",
            "module.vpc.aws_network_acl_rule.database_outbound",
            "module.vpc.aws_network_acl_rule.elasticache_inbound",
            "module.vpc.aws_network_acl_rule.elasticache_outbound",
            "module.vpc.aws_network_acl_rule.intra_inbound",
            "module.vpc.aws_network_acl_rule.intra_outbound",
            "module.vpc.aws_network_acl_rule.outpost_inbound",
            "module.vpc.aws_network_acl_rule.outpost_outbound",
            "module.vpc.aws_network_acl_rule.private_inbound",
            "module.vpc.aws_network_acl_rule.private_outbound",
            "module.vpc.aws_network_acl_rule.public_inbound",
            "module.vpc.aws_network_acl_rule.public_outbound",
            "module.vpc.aws_network_acl_rule.redshift_inbound",
            "module.vpc.aws_network_acl_rule.redshift_outbound",
            "module.vpc.aws_redshift_subnet_group.redshift",
            "module.vpc.aws_route.database_internet_gateway",
            "module.vpc.aws_route.database_ipv6_egress",
            "module.vpc.aws_route.database_nat_gateway",
            "module.vpc.aws_route.private_ipv6_egress",
            "module.vpc.aws_route.private_nat_gateway",
            "module.vpc.aws_route.public_internet_gateway",
            "module.vpc.aws_route.public_internet_gateway_ipv6",
            "module.vpc.aws_route_table.database",
            "module.vpc.aws_route_table.elasticache",
            "module.vpc.aws_route_table.intra",
            "module.vpc.aws_route_table.private",
            "module.vpc.aws_route_table.public",
            "module.vpc.aws_route_table.redshift",
            "module.vpc.aws_route_table_association.database",
            "module.vpc.aws_route_table_association.elasticache",
            "module.vpc.aws_route_table_association.intra",
            "module.vpc.aws_route_table_association.outpost",
            "module.vpc.aws_route_table_association.private",
            "module.vpc.aws_route_table_association.public",
            "module.vpc.aws_route_table_association.redshift",
            "module.vpc.aws_route_table_association.redshift_public",
            "module.vpc.aws_subnet.database",
            "module.vpc.aws_subnet.elasticache",
            "module.vpc.aws_subnet.intra",
            "module.vpc.aws_subnet.outpost",
            "module.vpc.aws_subnet.private",
            "module.vpc.aws_subnet.public",
            "module.vpc.aws_subnet.redshift",
            "module.vpc.aws_vpc.this",
            "module.vpc.aws_vpc_dhcp_options.this",
            "module.vpc.aws_vpc_dhcp_options_association.this",
            "module.vpc.aws_vpc_ipv4_cidr_block_association.this",
            "module.vpc.aws_vpn_gateway.this",
            "module.vpc.aws_vpn_gateway_attachment.this",
            "module.vpc.aws_vpn_gateway_route_propagation.intra",
            "module.vpc.aws_vpn_gateway_route_propagation.private",
            "module.vpc.aws_vpn_gateway_route_propagation.public",
            "module.vpc.data.aws_iam_policy_document.flow_log_cloudwatch_assume_role",
            "module.vpc.data.aws_iam_policy_document.vpc_flow_log_cloudwatch"
          ]
        }
      ]
    },
    {
      "mode": "managed",
      "type": "aws_security_group",
      "name": "sg_caldera_linux",
      "provider": "provider[\"registry.terraform.io/hashicorp/aws\"]",
      "instances": [
        {
          "schema_version": 1,
          "attributes": {
            "arn": "arn:aws:ec2:us-east-1:906105182569:security-group/sg-0be9fdad8715f870b",
            "description": "Allow ssh access for linux host",
            "egress": [
              {
                "cidr_blocks": [
                  "0.0.0.0/0"
                ],
                "description": "",
                "from_port": 0,
                "ipv6_cidr_blocks": [],
                "prefix_list_ids": [],
                "protocol": "-1",
                "security_groups": [],
                "self": false,
                "to_port": 0
              }
            ],
            "id": "sg-0be9fdad8715f870b",
            "ingress": [
              {
                "cidr_blocks": [
                  "172.23.0.0/16"
                ],
                "description": "SSH port",
                "from_port": 22,
                "ipv6_cidr_blocks": [],
                "prefix_list_ids": [],
                "protocol": "tcp",
                "security_groups": [],
                "self": false,
                "to_port": 22
              }
            ],
            "name": "sg_caldera_linux",
            "name_prefix": "",
            "owner_id": "906105182569",
            "revoke_rules_on_delete": false,
            "tags": {
              "environment": "caldera-test"
            },
            "tags_all": {
              "environment": "caldera-test"
            },
            "timeouts": null,
            "vpc_id": "vpc-032c01e88de8dc860"
          },
          "sensitive_attributes": [],
          "private": "eyJlMmJmYjczMC1lY2FhLTExZTYtOGY4OC0zNDM2M2JjN2M0YzAiOnsiY3JlYXRlIjo2MDAwMDAwMDAwMDAsImRlbGV0ZSI6OTAwMDAwMDAwMDAwfSwic2NoZW1hX3ZlcnNpb24iOiIxIn0=",
          "dependencies": [
            "module.vpc.aws_vpc.this"
          ]
        }
      ]
    },
    {
      "mode": "managed",
      "type": "aws_security_group",
      "name": "sg_caldera_server",
      "provider": "provider[\"registry.terraform.io/hashicorp/aws\"]",
      "instances": [
        {
          "schema_version": 1,
          "attributes": {
            "arn": "arn:aws:ec2:us-east-1:906105182569:security-group/sg-03305625e2a9bf05a",
            "description": "Allow ports for caldera server",
            "egress": [
              {
                "cidr_blocks": [
                  "0.0.0.0/0"
                ],
                "description": "",
                "from_port": 0,
                "ipv6_cidr_blocks": [],
                "prefix_list_ids": [],
                "protocol": "-1",
                "security_groups": [],
                "self": false,
                "to_port": 0
              }
            ],
            "id": "sg-03305625e2a9bf05a",
            "ingress": [
              {
                "cidr_blocks": [
                  "0.0.0.0/0"
                ],
                "description": "Caldera server port",
                "from_port": 2288,
                "ipv6_cidr_blocks": [],
                "prefix_list_ids": [],
                "protocol": "tcp",
                "security_groups": [],
                "self": false,
                "to_port": 2288
              },
              {
                "cidr_blocks": [
                  "0.0.0.0/0"
                ],
                "description": "SSH from VPC",
                "from_port": 22,
                "ipv6_cidr_blocks": [],
                "prefix_list_ids": [],
                "protocol": "tcp",
                "security_groups": [],
                "self": false,
                "to_port": 22
              }
            ],
            "name": "sg_caldera_server",
            "name_prefix": "",
            "owner_id": "906105182569",
            "revoke_rules_on_delete": false,
            "tags": {
              "environment": "caldera-test"
            },
            "tags_all": {
              "environment": "caldera-test"
            },
            "timeouts": null,
            "vpc_id": "vpc-032c01e88de8dc860"
          },
          "sensitive_attributes": [],
          "private": "eyJlMmJmYjczMC1lY2FhLTExZTYtOGY4OC0zNDM2M2JjN2M0YzAiOnsiY3JlYXRlIjo2MDAwMDAwMDAwMDAsImRlbGV0ZSI6OTAwMDAwMDAwMDAwfSwic2NoZW1hX3ZlcnNpb24iOiIxIn0=",
          "dependencies": [
            "module.vpc.aws_vpc.this"
          ]
        }
      ]
    },
    {
      "mode": "managed",
      "type": "aws_security_group",
      "name": "sg_caldera_windows",
      "provider": "provider[\"registry.terraform.io/hashicorp/aws\"]",
      "instances": [
        {
          "schema_version": 1,
          "attributes": {
            "arn": "arn:aws:ec2:us-east-1:906105182569:security-group/sg-03830da7adb066133",
            "description": "Allow RDP for windows host",
            "egress": [
              {
                "cidr_blocks": [
                  "0.0.0.0/0"
                ],
                "description": "",
                "from_port": 0,
                "ipv6_cidr_blocks": [],
                "prefix_list_ids": [],
                "protocol": "-1",
                "security_groups": [],
                "self": false,
                "to_port": 0
              }
            ],
            "id": "sg-03830da7adb066133",
            "ingress": [
              {
                "cidr_blocks": [
                  "0.0.0.0/0"
                ],
                "description": "RDP port",
                "from_port": 3389,
                "ipv6_cidr_blocks": [],
                "prefix_list_ids": [],
                "protocol": "tcp",
                "security_groups": [],
                "self": false,
                "to_port": 3389
              }
            ],
            "name": "sg_caldera_windows",
            "name_prefix": "",
            "owner_id": "906105182569",
            "revoke_rules_on_delete": false,
            "tags": {
              "environment": "caldera-test"
            },
            "tags_all": {
              "environment": "caldera-test"
            },
            "timeouts": null,
            "vpc_id": "vpc-032c01e88de8dc860"
          },
          "sensitive_attributes": [],
          "private": "eyJlMmJmYjczMC1lY2FhLTExZTYtOGY4OC0zNDM2M2JjN2M0YzAiOnsiY3JlYXRlIjo2MDAwMDAwMDAwMDAsImRlbGV0ZSI6OTAwMDAwMDAwMDAwfSwic2NoZW1hX3ZlcnNpb24iOiIxIn0=",
          "dependencies": [
            "module.vpc.aws_vpc.this"
          ]
        }
      ]
    },
    {
      "module": "module.aws_rsa_key",
      "mode": "managed",
      "type": "aws_key_pair",
      "name": "worker",
      "provider": "provider[\"registry.terraform.io/hashicorp/aws\"]",
      "instances": [
        {
          "schema_version": 1,
          "attributes": {
            "arn": "arn:aws:ec2:us-east-1:906105182569:key-pair/caldera-nodes",
            "fingerprint": "d0:dd:81:28:34:05:3d:d3:19:37:e8:c6:2a:2a:31:a4",
            "id": "caldera-nodes",
            "key_name": "caldera-nodes",
            "key_name_prefix": "",
            "key_pair_id": "key-04158a77bcbdd481f",
            "key_type": "rsa",
            "public_key": "ssh-rsa AAAAB3NzaC1yc2EAAAADAQABAAACAQCnvdVC6ZXLq/wIF12XxTrEiUKxxxA9AbhUkc/wQKalB1iowfKtsm12ifCt64Bt5s+lg5vYocGUANNI2rTwo0nhrnIdab2+jMmV3GJ+T4HDUs+gdToDdOu1LgCiQ3yJIKVnuGvxh2PnuSZ4HIICHU8sDjV7N1iB+j2RVtk+HwiC3exY8t3nKeK85W2WZPeXEyXP4Rk1K6ppRNByE2UG4QuHE773vTsKHTLvnGaaKrNMdMRZj5ErwQ6zaf1wKgDu0oPrdaeUiyV34VPIe0Sb5IK4pCJxFeoxuEMnj7lTNXLgFFdOJqMNQWRiQ5SHm6WjfWPkTEtwjQuWzWZTi7af91Dcetkq28NclKWSwXQcy5fbELjnFgx0QHMMleP+EuXOjFeN/S4T3GxZqQthNB0aLOUe+2mmRJ/9fQ/pmeNcNZcc66k44WNSgE0APaQmB5dfn6qiw95FWVgPlwIVCkO1w5luataISR1/iRMvC/MxT5+FfBlXDG7HkD9kQdiI4wahKwOPNqJJVAamcy5Cm1mOgtZ4iWfqEYMJ2oAAEGTrK3H5H0nIEQ1LqfffZYq6h26UnljKV7r2bnXN2c6wzwmRIbH525QyHKGxB2GqyHLJpDc+b7MYHxW7Y5L4B2S6sDdGEsMWi9s/ELNN991khtywvaaoi3DSLeWKh4G2BLkUAlK/tw==",
            "tags": {},
            "tags_all": {}
          },
          "sensitive_attributes": [],
          "private": "eyJzY2hlbWFfdmVyc2lvbiI6IjEifQ==",
          "dependencies": [
            "module.aws_rsa_key.tls_private_key.ssh_key",
            "module.vpc.aws_cloudwatch_log_group.flow_log",
            "module.vpc.aws_customer_gateway.this",
            "module.vpc.aws_db_subnet_group.database",
            "module.vpc.aws_default_network_acl.this",
            "module.vpc.aws_default_route_table.default",
            "module.vpc.aws_default_security_group.this",
            "module.vpc.aws_default_vpc.this",
            "module.vpc.aws_egress_only_internet_gateway.this",
            "module.vpc.aws_eip.nat",
            "module.vpc.aws_elasticache_subnet_group.elasticache",
            "module.vpc.aws_flow_log.this",
            "module.vpc.aws_iam_policy.vpc_flow_log_cloudwatch",
            "module.vpc.aws_iam_role.vpc_flow_log_cloudwatch",
            "module.vpc.aws_iam_role_policy_attachment.vpc_flow_log_cloudwatch",
            "module.vpc.aws_internet_gateway.this",
            "module.vpc.aws_nat_gateway.this",
            "module.vpc.aws_network_acl.database",
            "module.vpc.aws_network_acl.elasticache",
            "module.vpc.aws_network_acl.intra",
            "module.vpc.aws_network_acl.outpost",
            "module.vpc.aws_network_acl.private",
            "module.vpc.aws_network_acl.public",
            "module.vpc.aws_network_acl.redshift",
            "module.vpc.aws_network_acl_rule.database_inbound",
            "module.vpc.aws_network_acl_rule.database_outbound",
            "module.vpc.aws_network_acl_rule.elasticache_inbound",
            "module.vpc.aws_network_acl_rule.elasticache_outbound",
            "module.vpc.aws_network_acl_rule.intra_inbound",
            "module.vpc.aws_network_acl_rule.intra_outbound",
            "module.vpc.aws_network_acl_rule.outpost_inbound",
            "module.vpc.aws_network_acl_rule.outpost_outbound",
            "module.vpc.aws_network_acl_rule.private_inbound",
            "module.vpc.aws_network_acl_rule.private_outbound",
            "module.vpc.aws_network_acl_rule.public_inbound",
            "module.vpc.aws_network_acl_rule.public_outbound",
            "module.vpc.aws_network_acl_rule.redshift_inbound",
            "module.vpc.aws_network_acl_rule.redshift_outbound",
            "module.vpc.aws_redshift_subnet_group.redshift",
            "module.vpc.aws_route.database_internet_gateway",
            "module.vpc.aws_route.database_ipv6_egress",
            "module.vpc.aws_route.database_nat_gateway",
            "module.vpc.aws_route.private_ipv6_egress",
            "module.vpc.aws_route.private_nat_gateway",
            "module.vpc.aws_route.public_internet_gateway",
            "module.vpc.aws_route.public_internet_gateway_ipv6",
            "module.vpc.aws_route_table.database",
            "module.vpc.aws_route_table.elasticache",
            "module.vpc.aws_route_table.intra",
            "module.vpc.aws_route_table.private",
            "module.vpc.aws_route_table.public",
            "module.vpc.aws_route_table.redshift",
            "module.vpc.aws_route_table_association.database",
            "module.vpc.aws_route_table_association.elasticache",
            "module.vpc.aws_route_table_association.intra",
            "module.vpc.aws_route_table_association.outpost",
            "module.vpc.aws_route_table_association.private",
            "module.vpc.aws_route_table_association.public",
            "module.vpc.aws_route_table_association.redshift",
            "module.vpc.aws_route_table_association.redshift_public",
            "module.vpc.aws_subnet.database",
            "module.vpc.aws_subnet.elasticache",
            "module.vpc.aws_subnet.intra",
            "module.vpc.aws_subnet.outpost",
            "module.vpc.aws_subnet.private",
            "module.vpc.aws_subnet.public",
            "module.vpc.aws_subnet.redshift",
            "module.vpc.aws_vpc.this",
            "module.vpc.aws_vpc_dhcp_options.this",
            "module.vpc.aws_vpc_dhcp_options_association.this",
            "module.vpc.aws_vpc_ipv4_cidr_block_association.this",
            "module.vpc.aws_vpn_gateway.this",
            "module.vpc.aws_vpn_gateway_attachment.this",
            "module.vpc.aws_vpn_gateway_route_propagation.intra",
            "module.vpc.aws_vpn_gateway_route_propagation.private",
            "module.vpc.aws_vpn_gateway_route_propagation.public",
            "module.vpc.data.aws_iam_policy_document.flow_log_cloudwatch_assume_role",
            "module.vpc.data.aws_iam_policy_document.vpc_flow_log_cloudwatch"
          ]
        }
      ]
    },
    {
      "module": "module.aws_rsa_key",
      "mode": "managed",
      "type": "tls_private_key",
      "name": "ssh_key",
      "provider": "provider[\"registry.terraform.io/hashicorp/tls\"]",
      "instances": [
        {
          "schema_version": 1,
          "attributes": {
            "algorithm": "RSA",
            "ecdsa_curve": "P224",
            "id": "bde9a1891f3c1b18df22691bb33f67c54765fe0f",
            "private_key_openssh": "-----BEGIN OPENSSH PRIVATE KEY-----\nb3BlbnNzaC1rZXktdjEAAAAABG5vbmUAAAAEbm9uZQAAAAAAAAABAAACFwAAAAdz\nc2gtcnNhAAAAAwEAAQAAAgEAp73VQumVy6v8CBddl8U6xIlCsccQPQG4VJHP8ECm\npQdYqMHyrbJtdonwreuAbebPpYOb2KHBlADTSNq08KNJ4a5yHWm9vozJldxifk+B\nw1LPoHU6A3TrtS4AokN8iSClZ7hr8Ydj57kmeByCAh1PLA41ezdYgfo9kVbZPh8I\ngt3sWPLd5ynivOVtlmT3lxMlz+EZNSuqaUTQchNlBuELhxO+9707Ch0y75xmmiqz\nTHTEWY+RK8EOs2n9cCoA7tKD63WnlIsld+FTyHtEm+SCuKQicRXqMbhDJ4+5UzVy\n4BRXTiajDUFkYkOUh5ulo31j5ExLcI0Lls1mU4u2n/dQ3HrZKtvDXJSlksF0HMuX\n2xC45xYMdEBzDJXj/hLlzoxXjf0uE9xsWakLYTQdGizlHvtppkSf/X0P6ZnjXDWX\nHOupOOFjUoBNAD2kJgeXX5+qosPeRVlYD5cCFQpDtcOZbmrWiEkdf4kTLwvzMU+f\nhXwZVwxux5A/ZEHYiOMGoSsDjzaiSVQGpnMuQptZjoLWeIln6hGDCdqAABBk6ytx\n+R9JyBENS6n332WKuodulJ5Yyle69m51zdnOsM8JkSGx+duUMhyhsQdhqshyyaQ3\nPm+zGB8Vu2OS+AdkurA3RhLDFovbPxCzTffdZIbcsL2mqItw0i3lioeBtgS5FAJS\nv7cAAAc4eH1pTHh9aUwAAAAHc3NoLXJzYQAAAgEAp73VQumVy6v8CBddl8U6xIlC\nsccQPQG4VJHP8ECmpQdYqMHyrbJtdonwreuAbebPpYOb2KHBlADTSNq08KNJ4a5y\nHWm9vozJldxifk+Bw1LPoHU6A3TrtS4AokN8iSClZ7hr8Ydj57kmeByCAh1PLA41\nezdYgfo9kVbZPh8Igt3sWPLd5ynivOVtlmT3lxMlz+EZNSuqaUTQchNlBuELhxO+\n9707Ch0y75xmmiqzTHTEWY+RK8EOs2n9cCoA7tKD63WnlIsld+FTyHtEm+SCuKQi\ncRXqMbhDJ4+5UzVy4BRXTiajDUFkYkOUh5ulo31j5ExLcI0Lls1mU4u2n/dQ3HrZ\nKtvDXJSlksF0HMuX2xC45xYMdEBzDJXj/hLlzoxXjf0uE9xsWakLYTQdGizlHvtp\npkSf/X0P6ZnjXDWXHOupOOFjUoBNAD2kJgeXX5+qosPeRVlYD5cCFQpDtcOZbmrW\niEkdf4kTLwvzMU+fhXwZVwxux5A/ZEHYiOMGoSsDjzaiSVQGpnMuQptZjoLWeIln\n6hGDCdqAABBk6ytx+R9JyBENS6n332WKuodulJ5Yyle69m51zdnOsM8JkSGx+duU\nMhyhsQdhqshyyaQ3Pm+zGB8Vu2OS+AdkurA3RhLDFovbPxCzTffdZIbcsL2mqItw\n0i3lioeBtgS5FAJSv7cAAAADAQABAAACAETZCrY7D4uYHIrppDWN8zAFsoUrUkPn\n99NmQbW3o25q1H33lPasHHeh6FJKLd1t9d5WZVoGEmD/8bieY9O9Aa8KnbXq18Fl\nIbxLx3VWhsk3rRaL5vLSQ4iKyCHRl0TlTF6E+HEbA+txOBPmh4n8o6lOb68SKVa3\n8hs8TVBNBn5IPiDIFkIyE+k6Nb+b02+DoWpwVptXP8uTPgcEZNvs9IFNnn0qgxgE\nogps5EP0sMD50Dl+TrRpufHz19z4sIdVimXTVaQHdKp+ppfL2H4vzWOhoq1NtGER\n4yZSvFslve+xCaB/BT+EjoIygL0kKlkvNxfWJMSeb5pG1fAGkT+ZD+u0fLSQo9Bw\nl1zNMRSO99yY5s5vpOH3msY8GM0e+gXX4XjI8Nv9XOPXT6HNx7Rb0nAIiFlcOCNT\nrPZzhCRbur8vm4OOeBkiuffHJL99oOEKyZSpn5BzuOpS/pLLzI/YZb64GXHlPGw8\njFQ76TIYMYd8M0V5LsJ6T8kwBuyvHcUe6ZoCr2o42XAMTu2ff6j0CH+b6EXXS8Mu\ntr2upKjCJY6fklcajaiRhchzeme64ex+ICBN8iQ27L586c7Faj/3A/uDEI6GYHYL\n2kQ0bgTsw+qq2oCwUJp/6GXuPfartZmJgZiKoG/DUBM5FJjvCE60bOHSe/9scCH7\nbXYaYQ/WNpm5AAABAEiUwSzhxe03oLMhflOboesC/bxivw3Xk4w1fbdhwqoUN+tb\nmi4t0Pmk9MOkEpwLDW9wWaY6dov7u45UqI96atuFn1K6p7STaq19YUkr4tIw5iBv\nsShqI+vu/MB1h2MMeCRvgipQHEVEHjiLX9BCSGgY3JRw4W5SQwRAmb6sz6Bfz0Yt\nqPjKcVLFuubqfADwyLjxSeQEJ9uL1P/YLgWGgkI1xNtI93hrUF3FgTjssZrK8wzc\n3cswvveRKG/cSsy/OKDSUFFPeqMqAMsellevE45RH3J787tpNIaDRhQJGNOTZ3KK\nevwlU45omshKy5IIaWeMuJW/Uflyewhi6b0917sAAAEBAMShtVzaMV0dQdtRA3qg\nKrvKLJFXoeBWCJOmVR/4XLrbziVeNqsuN/wkeK7tFkAMROP7A6/fciw4wbNe5a6b\nc4O5iFoBC9oYtyinDN5yt6p2B2bK4WLON7ADhcpejSiNIjq25fsAmz0Is2bEATEU\nPqUMLovwPeYpaj49wDYb000YOl3fchz4EGNAQEDWYaPqH6hDnTL47X/J0Mb/9Ki5\nwPCzm1gN+aol566kA3FBvGLa8fD1MjIj/INUYILVL+1HaCBU3T1LkMrfJzR31GSh\nt3BitkwztJFu3tTlw+mcnM+h69cGpDh/h11FiCADBNXuGuBZrxoXUAQBX1g8ELz8\nuGsAAAEBANpjHQMb51PlMIHPJD3OPvxOPSLUYlXxKZfKvTaBx5FwoImTTrgyMfd7\nnJHtFJM3lhoOJHSNFIQMkvQcmEHNaNa3zb8XNYBJhdaF5nqKDeEjNwN18tv7d6W8\nmUINV9bd5pXIkmBm01QO97Uoz7xyDzv7fPPDUij77uGA/F8yRnOKOrg32DY7c1/3\n9veR83UIKNVXfEwJjKkwtDBopthQML93K89dYGC9Io7RD9SnQmKtUmtWI5/s/9T+\nvMMBkuth+Ga5vBEXhL5IIrnAYIIIq58JnhGRtEiq8B/8eeBwwU+WDh/cHDGPRwai\nAYp63WWDGmTYtLGwTYhyLA7MWFnXWOUAAAAAAQID\n-----END OPENSSH PRIVATE KEY-----\n",
            "private_key_pem": "-----BEGIN RSA PRIVATE KEY-----\nMIIJKAIBAAKCAgEAp73VQumVy6v8CBddl8U6xIlCsccQPQG4VJHP8ECmpQdYqMHy\nrbJtdonwreuAbebPpYOb2KHBlADTSNq08KNJ4a5yHWm9vozJldxifk+Bw1LPoHU6\nA3TrtS4AokN8iSClZ7hr8Ydj57kmeByCAh1PLA41ezdYgfo9kVbZPh8Igt3sWPLd\n5ynivOVtlmT3lxMlz+EZNSuqaUTQchNlBuELhxO+9707Ch0y75xmmiqzTHTEWY+R\nK8EOs2n9cCoA7tKD63WnlIsld+FTyHtEm+SCuKQicRXqMbhDJ4+5UzVy4BRXTiaj\nDUFkYkOUh5ulo31j5ExLcI0Lls1mU4u2n/dQ3HrZKtvDXJSlksF0HMuX2xC45xYM\ndEBzDJXj/hLlzoxXjf0uE9xsWakLYTQdGizlHvtppkSf/X0P6ZnjXDWXHOupOOFj\nUoBNAD2kJgeXX5+qosPeRVlYD5cCFQpDtcOZbmrWiEkdf4kTLwvzMU+fhXwZVwxu\nx5A/ZEHYiOMGoSsDjzaiSVQGpnMuQptZjoLWeIln6hGDCdqAABBk6ytx+R9JyBEN\nS6n332WKuodulJ5Yyle69m51zdnOsM8JkSGx+duUMhyhsQdhqshyyaQ3Pm+zGB8V\nu2OS+AdkurA3RhLDFovbPxCzTffdZIbcsL2mqItw0i3lioeBtgS5FAJSv7cCAwEA\nAQKCAgBE2Qq2Ow+LmByK6aQ1jfMwBbKFK1JD5/fTZkG1t6NuatR995T2rBx3oehS\nSi3dbfXeVmVaBhJg//G4nmPTvQGvCp216tfBZSG8S8d1VobJN60Wi+by0kOIisgh\n0ZdE5UxehPhxGwPrcTgT5oeJ/KOpTm+vEilWt/IbPE1QTQZ+SD4gyBZCMhPpOjW/\nm9Nvg6FqcFabVz/Lkz4HBGTb7PSBTZ59KoMYBKIKbORD9LDA+dA5fk60abnx89fc\n+LCHVYpl01WkB3SqfqaXy9h+L81joaKtTbRhEeMmUrxbJb3vsQmgfwU/hI6CMoC9\nJCpZLzcX1iTEnm+aRtXwBpE/mQ/rtHy0kKPQcJdczTEUjvfcmObOb6Th95rGPBjN\nHvoF1+F4yPDb/Vzj10+hzce0W9JwCIhZXDgjU6z2c4QkW7q/L5uDjngZIrn3xyS/\nfaDhCsmUqZ+Qc7jqUv6Sy8yP2GW+uBlx5TxsPIxUO+kyGDGHfDNFeS7Cek/JMAbs\nrx3FHumaAq9qONlwDE7tn3+o9Ah/m+hF10vDLra9rqSowiWOn5JXGo2okYXIc3pn\nuuHsfiAgTfIkNuy+fOnOxWo/9wP7gxCOhmB2C9pENG4E7MPqqtqAsFCaf+hl7j32\nq7WZiYGYiqBvw1ATORSY7whOtGzh0nv/bHAh+212GmEP1jaZuQKCAQEAxKG1XNox\nXR1B21EDeqAqu8oskVeh4FYIk6ZVH/hcutvOJV42qy43/CR4ru0WQAxE4/sDr99y\nLDjBs17lrptzg7mIWgEL2hi3KKcM3nK3qnYHZsrhYs43sAOFyl6NKI0iOrbl+wCb\nPQizZsQBMRQ+pQwui/A95ilqPj3ANhvTTRg6Xd9yHPgQY0BAQNZho+ofqEOdMvjt\nf8nQxv/0qLnA8LObWA35qiXnrqQDcUG8Ytrx8PUyMiP8g1RggtUv7UdoIFTdPUuQ\nyt8nNHfUZKG3cGK2TDO0kW7e1OXD6Zycz6Hr1wakOH+HXUWIIAME1e4a4FmvGhdQ\nBAFfWDwQvPy4awKCAQEA2mMdAxvnU+Uwgc8kPc4+/E49ItRiVfEpl8q9NoHHkXCg\niZNOuDIx93ucke0UkzeWGg4kdI0UhAyS9ByYQc1o1rfNvxc1gEmF1oXmeooN4SM3\nA3Xy2/t3pbyZQg1X1t3mlciSYGbTVA73tSjPvHIPO/t888NSKPvu4YD8XzJGc4o6\nuDfYNjtzX/f295HzdQgo1Vd8TAmMqTC0MGim2FAwv3crz11gYL0ijtEP1KdCYq1S\na1Yjn+z/1P68wwGS62H4Zrm8EReEvkgiucBgggirnwmeEZG0SKrwH/x54HDBT5YO\nH9wcMY9HBqIBinrdZYMaZNi0sbBNiHIsDsxYWddY5QKCAQBWBOAQVKuProLm7NP2\nyyamrFU+5/U67Kgn33YR3FbEr+/IzSRhUoDPXy0kaTd4oWVpzp/YSonp6pJiY7ta\n3Up1b67EoPyMVo+ZyyqIDetnOOcYAt0CmnAmIgRfeWmLOeKliOmnGqbO1oWVCV30\nGIUnMuMR+PE7RRbjT6RMh3OyoEy4UE3dem/A25TASIjCamOa+qlEaT2Mz77zr3la\nbpiHNCtbJBH6a0alUb7nxvggzuNUpA9ne/K1iS4HTjf/N2PH8Rgv/mTDO0gtXdae\nh1h2Y9iYEW6GyNfWjwVbp1W6R32ivZcN2Exhc0+PoYJ2DAnZ56IAaf5pIiiRswUn\nh+8tAoIBAQDSXPDAYuuU88ui7v6xDm+7qD3ZxA2pTXHMRr22uJKddYkenKgSZD+f\nbhHmuyG7oarUFFVnc9KUVGxl+vlrQUtAsbLd5KRjm+7xMvBNj5hJCxveGIrE/llF\nbAORDbtUPVH1bEwb0lC0wuo3NkXM923XUKwPP1FwKyXzUMVJies1NqzTcO+zZdcA\nVaIu3gdO73ot72TK9dPp0gFwNA6rhas/c7Lev8qrxOR5/8YpCKi41s3ymPod/jR9\nXphDm8uDM08M3NLc//OdO20/0qDkASgYPTJnKBwqd4ZwuUpJOTPsztVyORtrXeGD\n8SBc3XdQZlZRWDHOi85Tpe7snkho2jhFAoIBAEiUwSzhxe03oLMhflOboesC/bxi\nvw3Xk4w1fbdhwqoUN+tbmi4t0Pmk9MOkEpwLDW9wWaY6dov7u45UqI96atuFn1K6\np7STaq19YUkr4tIw5iBvsShqI+vu/MB1h2MMeCRvgipQHEVEHjiLX9BCSGgY3JRw\n4W5SQwRAmb6sz6Bfz0YtqPjKcVLFuubqfADwyLjxSeQEJ9uL1P/YLgWGgkI1xNtI\n93hrUF3FgTjssZrK8wzc3cswvveRKG/cSsy/OKDSUFFPeqMqAMsellevE45RH3J7\n87tpNIaDRhQJGNOTZ3KKevwlU45omshKy5IIaWeMuJW/Uflyewhi6b0917s=\n-----END RSA PRIVATE KEY-----\n",
            "private_key_pem_pkcs8": "-----BEGIN PRIVATE KEY-----\nMIIJQgIBADANBgkqhkiG9w0BAQEFAASCCSwwggkoAgEAAoICAQCnvdVC6ZXLq/wI\nF12XxTrEiUKxxxA9AbhUkc/wQKalB1iowfKtsm12ifCt64Bt5s+lg5vYocGUANNI\n2rTwo0nhrnIdab2+jMmV3GJ+T4HDUs+gdToDdOu1LgCiQ3yJIKVnuGvxh2PnuSZ4\nHIICHU8sDjV7N1iB+j2RVtk+HwiC3exY8t3nKeK85W2WZPeXEyXP4Rk1K6ppRNBy\nE2UG4QuHE773vTsKHTLvnGaaKrNMdMRZj5ErwQ6zaf1wKgDu0oPrdaeUiyV34VPI\ne0Sb5IK4pCJxFeoxuEMnj7lTNXLgFFdOJqMNQWRiQ5SHm6WjfWPkTEtwjQuWzWZT\ni7af91Dcetkq28NclKWSwXQcy5fbELjnFgx0QHMMleP+EuXOjFeN/S4T3GxZqQth\nNB0aLOUe+2mmRJ/9fQ/pmeNcNZcc66k44WNSgE0APaQmB5dfn6qiw95FWVgPlwIV\nCkO1w5luataISR1/iRMvC/MxT5+FfBlXDG7HkD9kQdiI4wahKwOPNqJJVAamcy5C\nm1mOgtZ4iWfqEYMJ2oAAEGTrK3H5H0nIEQ1LqfffZYq6h26UnljKV7r2bnXN2c6w\nzwmRIbH525QyHKGxB2GqyHLJpDc+b7MYHxW7Y5L4B2S6sDdGEsMWi9s/ELNN991k\nhtywvaaoi3DSLeWKh4G2BLkUAlK/twIDAQABAoICAETZCrY7D4uYHIrppDWN8zAF\nsoUrUkPn99NmQbW3o25q1H33lPasHHeh6FJKLd1t9d5WZVoGEmD/8bieY9O9Aa8K\nnbXq18FlIbxLx3VWhsk3rRaL5vLSQ4iKyCHRl0TlTF6E+HEbA+txOBPmh4n8o6lO\nb68SKVa38hs8TVBNBn5IPiDIFkIyE+k6Nb+b02+DoWpwVptXP8uTPgcEZNvs9IFN\nnn0qgxgEogps5EP0sMD50Dl+TrRpufHz19z4sIdVimXTVaQHdKp+ppfL2H4vzWOh\noq1NtGER4yZSvFslve+xCaB/BT+EjoIygL0kKlkvNxfWJMSeb5pG1fAGkT+ZD+u0\nfLSQo9Bwl1zNMRSO99yY5s5vpOH3msY8GM0e+gXX4XjI8Nv9XOPXT6HNx7Rb0nAI\niFlcOCNTrPZzhCRbur8vm4OOeBkiuffHJL99oOEKyZSpn5BzuOpS/pLLzI/YZb64\nGXHlPGw8jFQ76TIYMYd8M0V5LsJ6T8kwBuyvHcUe6ZoCr2o42XAMTu2ff6j0CH+b\n6EXXS8Mutr2upKjCJY6fklcajaiRhchzeme64ex+ICBN8iQ27L586c7Faj/3A/uD\nEI6GYHYL2kQ0bgTsw+qq2oCwUJp/6GXuPfartZmJgZiKoG/DUBM5FJjvCE60bOHS\ne/9scCH7bXYaYQ/WNpm5AoIBAQDEobVc2jFdHUHbUQN6oCq7yiyRV6HgVgiTplUf\n+Fy6284lXjarLjf8JHiu7RZADETj+wOv33IsOMGzXuWum3ODuYhaAQvaGLcopwze\ncreqdgdmyuFizjewA4XKXo0ojSI6tuX7AJs9CLNmxAExFD6lDC6L8D3mKWo+PcA2\nG9NNGDpd33Ic+BBjQEBA1mGj6h+oQ50y+O1/ydDG//SoucDws5tYDfmqJeeupANx\nQbxi2vHw9TIyI/yDVGCC1S/tR2ggVN09S5DK3yc0d9RkobdwYrZMM7SRbt7U5cPp\nnJzPoevXBqQ4f4ddRYggAwTV7hrgWa8aF1AEAV9YPBC8/LhrAoIBAQDaYx0DG+dT\n5TCBzyQ9zj78Tj0i1GJV8SmXyr02gceRcKCJk064MjH3e5yR7RSTN5YaDiR0jRSE\nDJL0HJhBzWjWt82/FzWASYXWheZ6ig3hIzcDdfLb+3elvJlCDVfW3eaVyJJgZtNU\nDve1KM+8cg87+3zzw1Io++7hgPxfMkZzijq4N9g2O3Nf9/b3kfN1CCjVV3xMCYyp\nMLQwaKbYUDC/dyvPXWBgvSKO0Q/Up0JirVJrViOf7P/U/rzDAZLrYfhmubwRF4S+\nSCK5wGCCCKufCZ4RkbRIqvAf/HngcMFPlg4f3Bwxj0cGogGKet1lgxpk2LSxsE2I\nciwOzFhZ11jlAoIBAFYE4BBUq4+ugubs0/bLJqasVT7n9TrsqCffdhHcVsSv78jN\nJGFSgM9fLSRpN3ihZWnOn9hKienqkmJju1rdSnVvrsSg/IxWj5nLKogN62c45xgC\n3QKacCYiBF95aYs54qWI6acaps7WhZUJXfQYhScy4xH48TtFFuNPpEyHc7KgTLhQ\nTd16b8DblMBIiMJqY5r6qURpPYzPvvOveVpumIc0K1skEfprRqVRvufG+CDO41Sk\nD2d78rWJLgdON/83Y8fxGC/+ZMM7SC1d1p6HWHZj2JgRbobI19aPBVunVbpHfaK9\nlw3YTGFzT4+hgnYMCdnnogBp/mkiKJGzBSeH7y0CggEBANJc8MBi65Tzy6Lu/rEO\nb7uoPdnEDalNccxGvba4kp11iR6cqBJkP59uEea7IbuhqtQUVWdz0pRUbGX6+WtB\nS0Cxst3kpGOb7vEy8E2PmEkLG94YisT+WUVsA5ENu1Q9UfVsTBvSULTC6jc2Rcz3\nbddQrA8/UXArJfNQxUmJ6zU2rNNw77Nl1wBVoi7eB07vei3vZMr10+nSAXA0DquF\nqz9zst6/yqvE5Hn/xikIqLjWzfKY+h3+NH1emEOby4MzTwzc0tz/8507bT/SoOQB\nKBg9MmcoHCp3hnC5Skk5M+zO1XI5G2td4YPxIFzdd1BmVlFYMc6LzlOl7uyeSGja\nOEUCggEASJTBLOHF7TegsyF+U5uh6wL9vGK/DdeTjDV9t2HCqhQ361uaLi3Q+aT0\nw6QSnAsNb3BZpjp2i/u7jlSoj3pq24WfUrqntJNqrX1hSSvi0jDmIG+xKGoj6+78\nwHWHYwx4JG+CKlAcRUQeOItf0EJIaBjclHDhblJDBECZvqzPoF/PRi2o+MpxUsW6\n5up8APDIuPFJ5AQn24vU/9guBYaCQjXE20j3eGtQXcWBOOyxmsrzDNzdyzC+95Eo\nb9xKzL84oNJQUU96oyoAyx6WV68TjlEfcnvzu2k0hoNGFAkY05Nncop6/CVTjmia\nyErLkghpZ4y4lb9R+XJ7CGLpvT3Xuw==\n-----END PRIVATE KEY-----\n",
            "public_key_fingerprint_md5": "3c:b5:98:21:94:c0:65:a1:35:85:d1:7e:9c:8d:7a:ea",
            "public_key_fingerprint_sha256": "SHA256:Tbj1STLDuOwqqv1yagEWJX7sRSkwqAB7ph+XsOGlAAQ",
            "public_key_openssh": "ssh-rsa AAAAB3NzaC1yc2EAAAADAQABAAACAQCnvdVC6ZXLq/wIF12XxTrEiUKxxxA9AbhUkc/wQKalB1iowfKtsm12ifCt64Bt5s+lg5vYocGUANNI2rTwo0nhrnIdab2+jMmV3GJ+T4HDUs+gdToDdOu1LgCiQ3yJIKVnuGvxh2PnuSZ4HIICHU8sDjV7N1iB+j2RVtk+HwiC3exY8t3nKeK85W2WZPeXEyXP4Rk1K6ppRNByE2UG4QuHE773vTsKHTLvnGaaKrNMdMRZj5ErwQ6zaf1wKgDu0oPrdaeUiyV34VPIe0Sb5IK4pCJxFeoxuEMnj7lTNXLgFFdOJqMNQWRiQ5SHm6WjfWPkTEtwjQuWzWZTi7af91Dcetkq28NclKWSwXQcy5fbELjnFgx0QHMMleP+EuXOjFeN/S4T3GxZqQthNB0aLOUe+2mmRJ/9fQ/pmeNcNZcc66k44WNSgE0APaQmB5dfn6qiw95FWVgPlwIVCkO1w5luataISR1/iRMvC/MxT5+FfBlXDG7HkD9kQdiI4wahKwOPNqJJVAamcy5Cm1mOgtZ4iWfqEYMJ2oAAEGTrK3H5H0nIEQ1LqfffZYq6h26UnljKV7r2bnXN2c6wzwmRIbH525QyHKGxB2GqyHLJpDc+b7MYHxW7Y5L4B2S6sDdGEsMWi9s/ELNN991khtywvaaoi3DSLeWKh4G2BLkUAlK/tw==\n",
            "public_key_pem": "-----BEGIN PUBLIC KEY-----\nMIICIjANBgkqhkiG9w0BAQEFAAOCAg8AMIICCgKCAgEAp73VQumVy6v8CBddl8U6\nxIlCsccQPQG4VJHP8ECmpQdYqMHyrbJtdonwreuAbebPpYOb2KHBlADTSNq08KNJ\n4a5yHWm9vozJldxifk+Bw1LPoHU6A3TrtS4AokN8iSClZ7hr8Ydj57kmeByCAh1P\nLA41ezdYgfo9kVbZPh8Igt3sWPLd5ynivOVtlmT3lxMlz+EZNSuqaUTQchNlBuEL\nhxO+9707Ch0y75xmmiqzTHTEWY+RK8EOs2n9cCoA7tKD63WnlIsld+FTyHtEm+SC\nuKQicRXqMbhDJ4+5UzVy4BRXTiajDUFkYkOUh5ulo31j5ExLcI0Lls1mU4u2n/dQ\n3HrZKtvDXJSlksF0HMuX2xC45xYMdEBzDJXj/hLlzoxXjf0uE9xsWakLYTQdGizl\nHvtppkSf/X0P6ZnjXDWXHOupOOFjUoBNAD2kJgeXX5+qosPeRVlYD5cCFQpDtcOZ\nbmrWiEkdf4kTLwvzMU+fhXwZVwxux5A/ZEHYiOMGoSsDjzaiSVQGpnMuQptZjoLW\neIln6hGDCdqAABBk6ytx+R9JyBENS6n332WKuodulJ5Yyle69m51zdnOsM8JkSGx\n+duUMhyhsQdhqshyyaQ3Pm+zGB8Vu2OS+AdkurA3RhLDFovbPxCzTffdZIbcsL2m\nqItw0i3lioeBtgS5FAJSv7cCAwEAAQ==\n-----END PUBLIC KEY-----\n",
            "rsa_bits": 4096
          },
          "sensitive_attributes": [],
          "dependencies": [
            "module.vpc.aws_cloudwatch_log_group.flow_log",
            "module.vpc.aws_customer_gateway.this",
            "module.vpc.aws_db_subnet_group.database",
            "module.vpc.aws_default_network_acl.this",
            "module.vpc.aws_default_route_table.default",
            "module.vpc.aws_default_security_group.this",
            "module.vpc.aws_default_vpc.this",
            "module.vpc.aws_egress_only_internet_gateway.this",
            "module.vpc.aws_eip.nat",
            "module.vpc.aws_elasticache_subnet_group.elasticache",
            "module.vpc.aws_flow_log.this",
            "module.vpc.aws_iam_policy.vpc_flow_log_cloudwatch",
            "module.vpc.aws_iam_role.vpc_flow_log_cloudwatch",
            "module.vpc.aws_iam_role_policy_attachment.vpc_flow_log_cloudwatch",
            "module.vpc.aws_internet_gateway.this",
            "module.vpc.aws_nat_gateway.this",
            "module.vpc.aws_network_acl.database",
            "module.vpc.aws_network_acl.elasticache",
            "module.vpc.aws_network_acl.intra",
            "module.vpc.aws_network_acl.outpost",
            "module.vpc.aws_network_acl.private",
            "module.vpc.aws_network_acl.public",
            "module.vpc.aws_network_acl.redshift",
            "module.vpc.aws_network_acl_rule.database_inbound",
            "module.vpc.aws_network_acl_rule.database_outbound",
            "module.vpc.aws_network_acl_rule.elasticache_inbound",
            "module.vpc.aws_network_acl_rule.elasticache_outbound",
            "module.vpc.aws_network_acl_rule.intra_inbound",
            "module.vpc.aws_network_acl_rule.intra_outbound",
            "module.vpc.aws_network_acl_rule.outpost_inbound",
            "module.vpc.aws_network_acl_rule.outpost_outbound",
            "module.vpc.aws_network_acl_rule.private_inbound",
            "module.vpc.aws_network_acl_rule.private_outbound",
            "module.vpc.aws_network_acl_rule.public_inbound",
            "module.vpc.aws_network_acl_rule.public_outbound",
            "module.vpc.aws_network_acl_rule.redshift_inbound",
            "module.vpc.aws_network_acl_rule.redshift_outbound",
            "module.vpc.aws_redshift_subnet_group.redshift",
            "module.vpc.aws_route.database_internet_gateway",
            "module.vpc.aws_route.database_ipv6_egress",
            "module.vpc.aws_route.database_nat_gateway",
            "module.vpc.aws_route.private_ipv6_egress",
            "module.vpc.aws_route.private_nat_gateway",
            "module.vpc.aws_route.public_internet_gateway",
            "module.vpc.aws_route.public_internet_gateway_ipv6",
            "module.vpc.aws_route_table.database",
            "module.vpc.aws_route_table.elasticache",
            "module.vpc.aws_route_table.intra",
            "module.vpc.aws_route_table.private",
            "module.vpc.aws_route_table.public",
            "module.vpc.aws_route_table.redshift",
            "module.vpc.aws_route_table_association.database",
            "module.vpc.aws_route_table_association.elasticache",
            "module.vpc.aws_route_table_association.intra",
            "module.vpc.aws_route_table_association.outpost",
            "module.vpc.aws_route_table_association.private",
            "module.vpc.aws_route_table_association.public",
            "module.vpc.aws_route_table_association.redshift",
            "module.vpc.aws_route_table_association.redshift_public",
            "module.vpc.aws_subnet.database",
            "module.vpc.aws_subnet.elasticache",
            "module.vpc.aws_subnet.intra",
            "module.vpc.aws_subnet.outpost",
            "module.vpc.aws_subnet.private",
            "module.vpc.aws_subnet.public",
            "module.vpc.aws_subnet.redshift",
            "module.vpc.aws_vpc.this",
            "module.vpc.aws_vpc_dhcp_options.this",
            "module.vpc.aws_vpc_dhcp_options_association.this",
            "module.vpc.aws_vpc_ipv4_cidr_block_association.this",
            "module.vpc.aws_vpn_gateway.this",
            "module.vpc.aws_vpn_gateway_attachment.this",
            "module.vpc.aws_vpn_gateway_route_propagation.intra",
            "module.vpc.aws_vpn_gateway_route_propagation.private",
            "module.vpc.aws_vpn_gateway_route_propagation.public",
            "module.vpc.data.aws_iam_policy_document.flow_log_cloudwatch_assume_role",
            "module.vpc.data.aws_iam_policy_document.vpc_flow_log_cloudwatch"
          ]
        }
      ]
    },
    {
      "module": "module.vpc",
      "mode": "managed",
      "type": "aws_eip",
      "name": "nat",
      "provider": "provider[\"registry.terraform.io/hashicorp/aws\"]",
      "instances": [
        {
          "index_key": 0,
          "schema_version": 0,
          "attributes": {
            "address": null,
            "allocation_id": "eipalloc-0d577048b5f5177c6",
            "associate_with_private_ip": null,
            "association_id": "eipassoc-045de92626e81cb28",
            "carrier_ip": "",
            "customer_owned_ip": "",
            "customer_owned_ipv4_pool": "",
            "domain": "vpc",
            "id": "eipalloc-0d577048b5f5177c6",
            "instance": "",
            "network_border_group": "us-east-1",
            "network_interface": "eni-0c0ee91b3c2e3498f",
            "private_dns": "ip-172-23-7-201.ec2.internal",
            "private_ip": "172.23.7.201",
            "public_dns": "ec2-3-213-246-99.compute-1.amazonaws.com",
            "public_ip": "3.213.246.99",
            "public_ipv4_pool": "amazon",
            "tags": {
              "Name": "VPC-us-east-1a"
            },
            "tags_all": {
              "Name": "VPC-us-east-1a"
            },
            "timeouts": null,
            "vpc": true
          },
          "sensitive_attributes": [],
          "private": "eyJlMmJmYjczMC1lY2FhLTExZTYtOGY4OC0zNDM2M2JjN2M0YzAiOnsiZGVsZXRlIjoxODAwMDAwMDAwMDAsInJlYWQiOjkwMDAwMDAwMDAwMCwidXBkYXRlIjozMDAwMDAwMDAwMDB9fQ=="
        }
      ]
    },
    {
      "module": "module.vpc",
      "mode": "managed",
      "type": "aws_internet_gateway",
      "name": "this",
      "provider": "provider[\"registry.terraform.io/hashicorp/aws\"]",
      "instances": [
        {
          "index_key": 0,
          "schema_version": 0,
          "attributes": {
            "arn": "arn:aws:ec2:us-east-1:906105182569:internet-gateway/igw-0e9d1a5ce07a2aa73",
            "id": "igw-0e9d1a5ce07a2aa73",
            "owner_id": "906105182569",
            "tags": {
              "Name": "VPC"
            },
            "tags_all": {
              "Name": "VPC"
            },
            "timeouts": null,
            "vpc_id": "vpc-032c01e88de8dc860"
          },
          "sensitive_attributes": [],
          "private": "eyJlMmJmYjczMC1lY2FhLTExZTYtOGY4OC0zNDM2M2JjN2M0YzAiOnsiY3JlYXRlIjoxMjAwMDAwMDAwMDAwLCJkZWxldGUiOjEyMDAwMDAwMDAwMDAsInVwZGF0ZSI6MTIwMDAwMDAwMDAwMH19",
          "dependencies": [
            "module.vpc.aws_vpc.this",
            "module.vpc.aws_vpc_ipv4_cidr_block_association.this"
          ]
        }
      ]
    },
    {
      "module": "module.vpc",
      "mode": "managed",
      "type": "aws_nat_gateway",
      "name": "this",
      "provider": "provider[\"registry.terraform.io/hashicorp/aws\"]",
      "instances": [
        {
          "index_key": 0,
          "schema_version": 0,
          "attributes": {
            "allocation_id": "eipalloc-0d577048b5f5177c6",
            "connectivity_type": "public",
            "id": "nat-0384dd763a4e10a0a",
            "network_interface_id": "eni-0c0ee91b3c2e3498f",
            "private_ip": "172.23.7.201",
            "public_ip": "3.213.246.99",
            "subnet_id": "subnet-01b9e5cf203870928",
            "tags": {
              "Name": "caldera-test_natgateway"
            },
            "tags_all": {
              "Name": "caldera-test_natgateway"
            }
          },
          "sensitive_attributes": [],
          "private": "bnVsbA==",
          "dependencies": [
            "module.vpc.aws_eip.nat",
            "module.vpc.aws_internet_gateway.this",
            "module.vpc.aws_subnet.public",
            "module.vpc.aws_vpc.this",
            "module.vpc.aws_vpc_ipv4_cidr_block_association.this"
          ]
        }
      ]
    },
    {
      "module": "module.vpc",
      "mode": "managed",
      "type": "aws_route",
      "name": "private_nat_gateway",
      "provider": "provider[\"registry.terraform.io/hashicorp/aws\"]",
      "instances": [
        {
          "index_key": 0,
          "schema_version": 0,
          "attributes": {
            "carrier_gateway_id": "",
            "core_network_arn": "",
            "destination_cidr_block": "0.0.0.0/0",
            "destination_ipv6_cidr_block": "",
            "destination_prefix_list_id": "",
            "egress_only_gateway_id": "",
            "gateway_id": "",
            "id": "r-rtb-0583b53d0052cf6c71080289494",
            "instance_id": "",
            "instance_owner_id": "",
            "local_gateway_id": "",
            "nat_gateway_id": "nat-0384dd763a4e10a0a",
            "network_interface_id": "",
            "origin": "CreateRoute",
            "route_table_id": "rtb-0583b53d0052cf6c7",
            "state": "active",
            "timeouts": {
              "create": "5m",
              "delete": null,
              "update": null
            },
            "transit_gateway_id": "",
            "vpc_endpoint_id": "",
            "vpc_peering_connection_id": ""
          },
          "sensitive_attributes": [],
          "private": "eyJlMmJmYjczMC1lY2FhLTExZTYtOGY4OC0zNDM2M2JjN2M0YzAiOnsiY3JlYXRlIjozMDAwMDAwMDAwMDAsImRlbGV0ZSI6MzAwMDAwMDAwMDAwLCJ1cGRhdGUiOjEyMDAwMDAwMDAwMH19",
          "dependencies": [
            "module.vpc.aws_eip.nat",
            "module.vpc.aws_internet_gateway.this",
            "module.vpc.aws_nat_gateway.this",
            "module.vpc.aws_route_table.private",
            "module.vpc.aws_subnet.public",
            "module.vpc.aws_vpc.this",
            "module.vpc.aws_vpc_ipv4_cidr_block_association.this"
          ]
        }
      ]
    },
    {
      "module": "module.vpc",
      "mode": "managed",
      "type": "aws_route",
      "name": "public_internet_gateway",
      "provider": "provider[\"registry.terraform.io/hashicorp/aws\"]",
      "instances": [
        {
          "index_key": 0,
          "schema_version": 0,
          "attributes": {
            "carrier_gateway_id": "",
            "core_network_arn": "",
            "destination_cidr_block": "0.0.0.0/0",
            "destination_ipv6_cidr_block": "",
            "destination_prefix_list_id": "",
            "egress_only_gateway_id": "",
            "gateway_id": "igw-0e9d1a5ce07a2aa73",
            "id": "r-rtb-0d11dec6d581e244d1080289494",
            "instance_id": "",
            "instance_owner_id": "",
            "local_gateway_id": "",
            "nat_gateway_id": "",
            "network_interface_id": "",
            "origin": "CreateRoute",
            "route_table_id": "rtb-0d11dec6d581e244d",
            "state": "active",
            "timeouts": {
              "create": "5m",
              "delete": null,
              "update": null
            },
            "transit_gateway_id": "",
            "vpc_endpoint_id": "",
            "vpc_peering_connection_id": ""
          },
          "sensitive_attributes": [],
          "private": "eyJlMmJmYjczMC1lY2FhLTExZTYtOGY4OC0zNDM2M2JjN2M0YzAiOnsiY3JlYXRlIjozMDAwMDAwMDAwMDAsImRlbGV0ZSI6MzAwMDAwMDAwMDAwLCJ1cGRhdGUiOjEyMDAwMDAwMDAwMH19",
          "dependencies": [
            "module.vpc.aws_internet_gateway.this",
            "module.vpc.aws_route_table.public",
            "module.vpc.aws_vpc.this",
            "module.vpc.aws_vpc_ipv4_cidr_block_association.this"
          ]
        }
      ]
    },
    {
      "module": "module.vpc",
      "mode": "managed",
      "type": "aws_route_table",
      "name": "private",
      "provider": "provider[\"registry.terraform.io/hashicorp/aws\"]",
      "instances": [
        {
          "index_key": 0,
          "schema_version": 0,
          "attributes": {
            "arn": "arn:aws:ec2:us-east-1:906105182569:route-table/rtb-0583b53d0052cf6c7",
            "id": "rtb-0583b53d0052cf6c7",
            "owner_id": "906105182569",
            "propagating_vgws": [],
            "route": [
              {
                "carrier_gateway_id": "",
                "cidr_block": "0.0.0.0/0",
                "core_network_arn": "",
                "destination_prefix_list_id": "",
                "egress_only_gateway_id": "",
                "gateway_id": "",
                "instance_id": "",
                "ipv6_cidr_block": "",
                "local_gateway_id": "",
                "nat_gateway_id": "nat-0384dd763a4e10a0a",
                "network_interface_id": "",
                "transit_gateway_id": "",
                "vpc_endpoint_id": "",
                "vpc_peering_connection_id": ""
              }
            ],
            "tags": {
              "Name": "VPC-private"
            },
            "tags_all": {
              "Name": "VPC-private"
            },
            "timeouts": null,
            "vpc_id": "vpc-032c01e88de8dc860"
          },
          "sensitive_attributes": [],
          "private": "eyJlMmJmYjczMC1lY2FhLTExZTYtOGY4OC0zNDM2M2JjN2M0YzAiOnsiY3JlYXRlIjozMDAwMDAwMDAwMDAsImRlbGV0ZSI6MzAwMDAwMDAwMDAwLCJ1cGRhdGUiOjEyMDAwMDAwMDAwMH19",
          "dependencies": [
            "module.vpc.aws_vpc.this",
            "module.vpc.aws_vpc_ipv4_cidr_block_association.this"
          ]
        }
      ]
    },
    {
      "module": "module.vpc",
      "mode": "managed",
      "type": "aws_route_table",
      "name": "public",
      "provider": "provider[\"registry.terraform.io/hashicorp/aws\"]",
      "instances": [
        {
          "index_key": 0,
          "schema_version": 0,
          "attributes": {
            "arn": "arn:aws:ec2:us-east-1:906105182569:route-table/rtb-0d11dec6d581e244d",
            "id": "rtb-0d11dec6d581e244d",
            "owner_id": "906105182569",
            "propagating_vgws": [],
            "route": [
              {
                "carrier_gateway_id": "",
                "cidr_block": "0.0.0.0/0",
                "core_network_arn": "",
                "destination_prefix_list_id": "",
                "egress_only_gateway_id": "",
                "gateway_id": "igw-0e9d1a5ce07a2aa73",
                "instance_id": "",
                "ipv6_cidr_block": "",
                "local_gateway_id": "",
                "nat_gateway_id": "",
                "network_interface_id": "",
                "transit_gateway_id": "",
                "vpc_endpoint_id": "",
                "vpc_peering_connection_id": ""
              }
            ],
            "tags": {
              "Name": "VPC-public"
            },
            "tags_all": {
              "Name": "VPC-public"
            },
            "timeouts": null,
            "vpc_id": "vpc-032c01e88de8dc860"
          },
          "sensitive_attributes": [],
          "private": "eyJlMmJmYjczMC1lY2FhLTExZTYtOGY4OC0zNDM2M2JjN2M0YzAiOnsiY3JlYXRlIjozMDAwMDAwMDAwMDAsImRlbGV0ZSI6MzAwMDAwMDAwMDAwLCJ1cGRhdGUiOjEyMDAwMDAwMDAwMH19",
          "dependencies": [
            "module.vpc.aws_vpc.this",
            "module.vpc.aws_vpc_ipv4_cidr_block_association.this"
          ]
        }
      ]
    },
    {
      "module": "module.vpc",
      "mode": "managed",
      "type": "aws_route_table_association",
      "name": "private",
      "provider": "provider[\"registry.terraform.io/hashicorp/aws\"]",
      "instances": [
        {
          "index_key": 0,
          "schema_version": 0,
          "attributes": {
            "gateway_id": "",
            "id": "rtbassoc-038f6c3302010060c",
            "route_table_id": "rtb-0583b53d0052cf6c7",
            "subnet_id": "subnet-0a91e9387d7ca76c6"
          },
          "sensitive_attributes": [],
          "private": "bnVsbA==",
          "dependencies": [
            "module.vpc.aws_route_table.private",
            "module.vpc.aws_subnet.private",
            "module.vpc.aws_vpc.this",
            "module.vpc.aws_vpc_ipv4_cidr_block_association.this"
          ]
        },
        {
          "index_key": 1,
          "schema_version": 0,
          "attributes": {
            "gateway_id": "",
            "id": "rtbassoc-0533f33b8565dc88f",
            "route_table_id": "rtb-0583b53d0052cf6c7",
            "subnet_id": "subnet-0da5f56aba385dd6d"
          },
          "sensitive_attributes": [],
          "private": "bnVsbA==",
          "dependencies": [
            "module.vpc.aws_route_table.private",
            "module.vpc.aws_subnet.private",
            "module.vpc.aws_vpc.this",
            "module.vpc.aws_vpc_ipv4_cidr_block_association.this"
          ]
        },
        {
          "index_key": 2,
          "schema_version": 0,
          "attributes": {
            "gateway_id": "",
            "id": "rtbassoc-0c16e36de91ebb60f",
            "route_table_id": "rtb-0583b53d0052cf6c7",
            "subnet_id": "subnet-090fadba404f9ff40"
          },
          "sensitive_attributes": [],
          "private": "bnVsbA==",
          "dependencies": [
            "module.vpc.aws_route_table.private",
            "module.vpc.aws_subnet.private",
            "module.vpc.aws_vpc.this",
            "module.vpc.aws_vpc_ipv4_cidr_block_association.this"
          ]
        },
        {
          "index_key": 3,
          "schema_version": 0,
          "attributes": {
            "gateway_id": "",
            "id": "rtbassoc-0d1f47eb4f2e06329",
            "route_table_id": "rtb-0583b53d0052cf6c7",
            "subnet_id": "subnet-0ad50641e7658fd84"
          },
          "sensitive_attributes": [],
          "private": "bnVsbA==",
          "dependencies": [
            "module.vpc.aws_route_table.private",
            "module.vpc.aws_subnet.private",
            "module.vpc.aws_vpc.this",
            "module.vpc.aws_vpc_ipv4_cidr_block_association.this"
          ]
        },
        {
          "index_key": 4,
          "schema_version": 0,
          "attributes": {
            "gateway_id": "",
            "id": "rtbassoc-02413239f9a9f4e14",
            "route_table_id": "rtb-0583b53d0052cf6c7",
            "subnet_id": "subnet-0e8d5a29d2a0e882b"
          },
          "sensitive_attributes": [],
          "private": "bnVsbA==",
          "dependencies": [
            "module.vpc.aws_route_table.private",
            "module.vpc.aws_subnet.private",
            "module.vpc.aws_vpc.this",
            "module.vpc.aws_vpc_ipv4_cidr_block_association.this"
          ]
        }
      ]
    },
    {
      "module": "module.vpc",
      "mode": "managed",
      "type": "aws_route_table_association",
      "name": "public",
      "provider": "provider[\"registry.terraform.io/hashicorp/aws\"]",
      "instances": [
        {
          "index_key": 0,
          "schema_version": 0,
          "attributes": {
            "gateway_id": "",
            "id": "rtbassoc-0241e0e62cecfff7d",
            "route_table_id": "rtb-0d11dec6d581e244d",
            "subnet_id": "subnet-01b9e5cf203870928"
          },
          "sensitive_attributes": [],
          "private": "bnVsbA==",
          "dependencies": [
            "module.vpc.aws_route_table.public",
            "module.vpc.aws_subnet.public",
            "module.vpc.aws_vpc.this",
            "module.vpc.aws_vpc_ipv4_cidr_block_association.this"
          ]
        },
        {
          "index_key": 1,
          "schema_version": 0,
          "attributes": {
            "gateway_id": "",
            "id": "rtbassoc-01820fdcd5928cd99",
            "route_table_id": "rtb-0d11dec6d581e244d",
            "subnet_id": "subnet-00bd86dea6a440e40"
          },
          "sensitive_attributes": [],
          "private": "bnVsbA==",
          "dependencies": [
            "module.vpc.aws_route_table.public",
            "module.vpc.aws_subnet.public",
            "module.vpc.aws_vpc.this",
            "module.vpc.aws_vpc_ipv4_cidr_block_association.this"
          ]
        },
        {
          "index_key": 2,
          "schema_version": 0,
          "attributes": {
            "gateway_id": "",
            "id": "rtbassoc-046ec7353ab0714b4",
            "route_table_id": "rtb-0d11dec6d581e244d",
            "subnet_id": "subnet-022d02ef62e6668c6"
          },
          "sensitive_attributes": [],
          "private": "bnVsbA==",
          "dependencies": [
            "module.vpc.aws_route_table.public",
            "module.vpc.aws_subnet.public",
            "module.vpc.aws_vpc.this",
            "module.vpc.aws_vpc_ipv4_cidr_block_association.this"
          ]
        },
        {
          "index_key": 3,
          "schema_version": 0,
          "attributes": {
            "gateway_id": "",
            "id": "rtbassoc-0b051531b382a48c3",
            "route_table_id": "rtb-0d11dec6d581e244d",
            "subnet_id": "subnet-05d9ce55d09968abb"
          },
          "sensitive_attributes": [],
          "private": "bnVsbA==",
          "dependencies": [
            "module.vpc.aws_route_table.public",
            "module.vpc.aws_subnet.public",
            "module.vpc.aws_vpc.this",
            "module.vpc.aws_vpc_ipv4_cidr_block_association.this"
          ]
        },
        {
          "index_key": 4,
          "schema_version": 0,
          "attributes": {
            "gateway_id": "",
            "id": "rtbassoc-0bd4380f945af88d3",
            "route_table_id": "rtb-0d11dec6d581e244d",
            "subnet_id": "subnet-004dac274e34184f4"
          },
          "sensitive_attributes": [],
          "private": "bnVsbA==",
          "dependencies": [
            "module.vpc.aws_route_table.public",
            "module.vpc.aws_subnet.public",
            "module.vpc.aws_vpc.this",
            "module.vpc.aws_vpc_ipv4_cidr_block_association.this"
          ]
        }
      ]
    },
    {
      "module": "module.vpc",
      "mode": "managed",
      "type": "aws_subnet",
      "name": "private",
      "provider": "provider[\"registry.terraform.io/hashicorp/aws\"]",
      "instances": [
        {
          "index_key": 0,
          "schema_version": 1,
          "attributes": {
            "arn": "arn:aws:ec2:us-east-1:906105182569:subnet/subnet-0a91e9387d7ca76c6",
            "assign_ipv6_address_on_creation": false,
            "availability_zone": "us-east-1a",
            "availability_zone_id": "use1-az4",
            "cidr_block": "172.23.0.0/22",
            "customer_owned_ipv4_pool": "",
            "enable_dns64": false,
            "enable_resource_name_dns_a_record_on_launch": false,
            "enable_resource_name_dns_aaaa_record_on_launch": false,
            "id": "subnet-0a91e9387d7ca76c6",
            "ipv6_cidr_block": "",
            "ipv6_cidr_block_association_id": "",
            "ipv6_native": false,
            "map_customer_owned_ip_on_launch": false,
            "map_public_ip_on_launch": false,
            "outpost_arn": "",
            "owner_id": "906105182569",
            "private_dns_hostname_type_on_launch": "ip-name",
            "tags": {
              "Name": "caldera-test_private"
            },
            "tags_all": {
              "Name": "caldera-test_private"
            },
            "timeouts": null,
            "vpc_id": "vpc-032c01e88de8dc860"
          },
          "sensitive_attributes": [],
          "private": "eyJlMmJmYjczMC1lY2FhLTExZTYtOGY4OC0zNDM2M2JjN2M0YzAiOnsiY3JlYXRlIjo2MDAwMDAwMDAwMDAsImRlbGV0ZSI6MTIwMDAwMDAwMDAwMH0sInNjaGVtYV92ZXJzaW9uIjoiMSJ9",
          "dependencies": [
            "module.vpc.aws_vpc.this",
            "module.vpc.aws_vpc_ipv4_cidr_block_association.this"
          ]
        },
        {
          "index_key": 1,
          "schema_version": 1,
          "attributes": {
            "arn": "arn:aws:ec2:us-east-1:906105182569:subnet/subnet-0da5f56aba385dd6d",
            "assign_ipv6_address_on_creation": false,
            "availability_zone": "us-east-1b",
            "availability_zone_id": "use1-az6",
            "cidr_block": "172.23.32.0/22",
            "customer_owned_ipv4_pool": "",
            "enable_dns64": false,
            "enable_resource_name_dns_a_record_on_launch": false,
            "enable_resource_name_dns_aaaa_record_on_launch": false,
            "id": "subnet-0da5f56aba385dd6d",
            "ipv6_cidr_block": "",
            "ipv6_cidr_block_association_id": "",
            "ipv6_native": false,
            "map_customer_owned_ip_on_launch": false,
            "map_public_ip_on_launch": false,
            "outpost_arn": "",
            "owner_id": "906105182569",
            "private_dns_hostname_type_on_launch": "ip-name",
            "tags": {
              "Name": "caldera-test_private"
            },
            "tags_all": {
              "Name": "caldera-test_private"
            },
            "timeouts": null,
            "vpc_id": "vpc-032c01e88de8dc860"
          },
          "sensitive_attributes": [],
          "private": "eyJlMmJmYjczMC1lY2FhLTExZTYtOGY4OC0zNDM2M2JjN2M0YzAiOnsiY3JlYXRlIjo2MDAwMDAwMDAwMDAsImRlbGV0ZSI6MTIwMDAwMDAwMDAwMH0sInNjaGVtYV92ZXJzaW9uIjoiMSJ9",
          "dependencies": [
            "module.vpc.aws_vpc.this",
            "module.vpc.aws_vpc_ipv4_cidr_block_association.this"
          ]
        },
        {
          "index_key": 2,
          "schema_version": 1,
          "attributes": {
            "arn": "arn:aws:ec2:us-east-1:906105182569:subnet/subnet-090fadba404f9ff40",
            "assign_ipv6_address_on_creation": false,
            "availability_zone": "us-east-1c",
            "availability_zone_id": "use1-az1",
            "cidr_block": "172.23.64.0/22",
            "customer_owned_ipv4_pool": "",
            "enable_dns64": false,
            "enable_resource_name_dns_a_record_on_launch": false,
            "enable_resource_name_dns_aaaa_record_on_launch": false,
            "id": "subnet-090fadba404f9ff40",
            "ipv6_cidr_block": "",
            "ipv6_cidr_block_association_id": "",
            "ipv6_native": false,
            "map_customer_owned_ip_on_launch": false,
            "map_public_ip_on_launch": false,
            "outpost_arn": "",
            "owner_id": "906105182569",
            "private_dns_hostname_type_on_launch": "ip-name",
            "tags": {
              "Name": "caldera-test_private"
            },
            "tags_all": {
              "Name": "caldera-test_private"
            },
            "timeouts": null,
            "vpc_id": "vpc-032c01e88de8dc860"
          },
          "sensitive_attributes": [],
          "private": "eyJlMmJmYjczMC1lY2FhLTExZTYtOGY4OC0zNDM2M2JjN2M0YzAiOnsiY3JlYXRlIjo2MDAwMDAwMDAwMDAsImRlbGV0ZSI6MTIwMDAwMDAwMDAwMH0sInNjaGVtYV92ZXJzaW9uIjoiMSJ9",
          "dependencies": [
            "module.vpc.aws_vpc.this",
            "module.vpc.aws_vpc_ipv4_cidr_block_association.this"
          ]
        },
        {
          "index_key": 3,
          "schema_version": 1,
          "attributes": {
            "arn": "arn:aws:ec2:us-east-1:906105182569:subnet/subnet-0ad50641e7658fd84",
            "assign_ipv6_address_on_creation": false,
            "availability_zone": "us-east-1d",
            "availability_zone_id": "use1-az2",
            "cidr_block": "172.23.96.0/22",
            "customer_owned_ipv4_pool": "",
            "enable_dns64": false,
            "enable_resource_name_dns_a_record_on_launch": false,
            "enable_resource_name_dns_aaaa_record_on_launch": false,
            "id": "subnet-0ad50641e7658fd84",
            "ipv6_cidr_block": "",
            "ipv6_cidr_block_association_id": "",
            "ipv6_native": false,
            "map_customer_owned_ip_on_launch": false,
            "map_public_ip_on_launch": false,
            "outpost_arn": "",
            "owner_id": "906105182569",
            "private_dns_hostname_type_on_launch": "ip-name",
            "tags": {
              "Name": "caldera-test_private"
            },
            "tags_all": {
              "Name": "caldera-test_private"
            },
            "timeouts": null,
            "vpc_id": "vpc-032c01e88de8dc860"
          },
          "sensitive_attributes": [],
          "private": "eyJlMmJmYjczMC1lY2FhLTExZTYtOGY4OC0zNDM2M2JjN2M0YzAiOnsiY3JlYXRlIjo2MDAwMDAwMDAwMDAsImRlbGV0ZSI6MTIwMDAwMDAwMDAwMH0sInNjaGVtYV92ZXJzaW9uIjoiMSJ9",
          "dependencies": [
            "module.vpc.aws_vpc.this",
            "module.vpc.aws_vpc_ipv4_cidr_block_association.this"
          ]
        },
        {
          "index_key": 4,
          "schema_version": 1,
          "attributes": {
            "arn": "arn:aws:ec2:us-east-1:906105182569:subnet/subnet-0e8d5a29d2a0e882b",
            "assign_ipv6_address_on_creation": false,
            "availability_zone": "us-east-1f",
            "availability_zone_id": "use1-az5",
            "cidr_block": "172.23.160.0/22",
            "customer_owned_ipv4_pool": "",
            "enable_dns64": false,
            "enable_resource_name_dns_a_record_on_launch": false,
            "enable_resource_name_dns_aaaa_record_on_launch": false,
            "id": "subnet-0e8d5a29d2a0e882b",
            "ipv6_cidr_block": "",
            "ipv6_cidr_block_association_id": "",
            "ipv6_native": false,
            "map_customer_owned_ip_on_launch": false,
            "map_public_ip_on_launch": false,
            "outpost_arn": "",
            "owner_id": "906105182569",
            "private_dns_hostname_type_on_launch": "ip-name",
            "tags": {
              "Name": "caldera-test_private"
            },
            "tags_all": {
              "Name": "caldera-test_private"
            },
            "timeouts": null,
            "vpc_id": "vpc-032c01e88de8dc860"
          },
          "sensitive_attributes": [],
          "private": "eyJlMmJmYjczMC1lY2FhLTExZTYtOGY4OC0zNDM2M2JjN2M0YzAiOnsiY3JlYXRlIjo2MDAwMDAwMDAwMDAsImRlbGV0ZSI6MTIwMDAwMDAwMDAwMH0sInNjaGVtYV92ZXJzaW9uIjoiMSJ9",
          "dependencies": [
            "module.vpc.aws_vpc.this",
            "module.vpc.aws_vpc_ipv4_cidr_block_association.this"
          ]
        }
      ]
    },
    {
      "module": "module.vpc",
      "mode": "managed",
      "type": "aws_subnet",
      "name": "public",
      "provider": "provider[\"registry.terraform.io/hashicorp/aws\"]",
      "instances": [
        {
          "index_key": 0,
          "schema_version": 1,
          "attributes": {
            "arn": "arn:aws:ec2:us-east-1:906105182569:subnet/subnet-01b9e5cf203870928",
            "assign_ipv6_address_on_creation": false,
            "availability_zone": "us-east-1a",
            "availability_zone_id": "use1-az4",
            "cidr_block": "172.23.4.0/22",
            "customer_owned_ipv4_pool": "",
            "enable_dns64": false,
            "enable_resource_name_dns_a_record_on_launch": false,
            "enable_resource_name_dns_aaaa_record_on_launch": false,
            "id": "subnet-01b9e5cf203870928",
            "ipv6_cidr_block": "",
            "ipv6_cidr_block_association_id": "",
            "ipv6_native": false,
            "map_customer_owned_ip_on_launch": false,
            "map_public_ip_on_launch": true,
            "outpost_arn": "",
            "owner_id": "906105182569",
            "private_dns_hostname_type_on_launch": "ip-name",
            "tags": {
              "Name": "caldera-test_public"
            },
            "tags_all": {
              "Name": "caldera-test_public"
            },
            "timeouts": null,
            "vpc_id": "vpc-032c01e88de8dc860"
          },
          "sensitive_attributes": [],
          "private": "eyJlMmJmYjczMC1lY2FhLTExZTYtOGY4OC0zNDM2M2JjN2M0YzAiOnsiY3JlYXRlIjo2MDAwMDAwMDAwMDAsImRlbGV0ZSI6MTIwMDAwMDAwMDAwMH0sInNjaGVtYV92ZXJzaW9uIjoiMSJ9",
          "dependencies": [
            "module.vpc.aws_vpc.this",
            "module.vpc.aws_vpc_ipv4_cidr_block_association.this"
          ]
        },
        {
          "index_key": 1,
          "schema_version": 1,
          "attributes": {
            "arn": "arn:aws:ec2:us-east-1:906105182569:subnet/subnet-00bd86dea6a440e40",
            "assign_ipv6_address_on_creation": false,
            "availability_zone": "us-east-1b",
            "availability_zone_id": "use1-az6",
            "cidr_block": "172.23.36.0/22",
            "customer_owned_ipv4_pool": "",
            "enable_dns64": false,
            "enable_resource_name_dns_a_record_on_launch": false,
            "enable_resource_name_dns_aaaa_record_on_launch": false,
            "id": "subnet-00bd86dea6a440e40",
            "ipv6_cidr_block": "",
            "ipv6_cidr_block_association_id": "",
            "ipv6_native": false,
            "map_customer_owned_ip_on_launch": false,
            "map_public_ip_on_launch": true,
            "outpost_arn": "",
            "owner_id": "906105182569",
            "private_dns_hostname_type_on_launch": "ip-name",
            "tags": {
              "Name": "caldera-test_public"
            },
            "tags_all": {
              "Name": "caldera-test_public"
            },
            "timeouts": null,
            "vpc_id": "vpc-032c01e88de8dc860"
          },
          "sensitive_attributes": [],
          "private": "eyJlMmJmYjczMC1lY2FhLTExZTYtOGY4OC0zNDM2M2JjN2M0YzAiOnsiY3JlYXRlIjo2MDAwMDAwMDAwMDAsImRlbGV0ZSI6MTIwMDAwMDAwMDAwMH0sInNjaGVtYV92ZXJzaW9uIjoiMSJ9",
          "dependencies": [
            "module.vpc.aws_vpc.this",
            "module.vpc.aws_vpc_ipv4_cidr_block_association.this"
          ]
        },
        {
          "index_key": 2,
          "schema_version": 1,
          "attributes": {
            "arn": "arn:aws:ec2:us-east-1:906105182569:subnet/subnet-022d02ef62e6668c6",
            "assign_ipv6_address_on_creation": false,
            "availability_zone": "us-east-1c",
            "availability_zone_id": "use1-az1",
            "cidr_block": "172.23.68.0/22",
            "customer_owned_ipv4_pool": "",
            "enable_dns64": false,
            "enable_resource_name_dns_a_record_on_launch": false,
            "enable_resource_name_dns_aaaa_record_on_launch": false,
            "id": "subnet-022d02ef62e6668c6",
            "ipv6_cidr_block": "",
            "ipv6_cidr_block_association_id": "",
            "ipv6_native": false,
            "map_customer_owned_ip_on_launch": false,
            "map_public_ip_on_launch": true,
            "outpost_arn": "",
            "owner_id": "906105182569",
            "private_dns_hostname_type_on_launch": "ip-name",
            "tags": {
              "Name": "caldera-test_public"
            },
            "tags_all": {
              "Name": "caldera-test_public"
            },
            "timeouts": null,
            "vpc_id": "vpc-032c01e88de8dc860"
          },
          "sensitive_attributes": [],
          "private": "eyJlMmJmYjczMC1lY2FhLTExZTYtOGY4OC0zNDM2M2JjN2M0YzAiOnsiY3JlYXRlIjo2MDAwMDAwMDAwMDAsImRlbGV0ZSI6MTIwMDAwMDAwMDAwMH0sInNjaGVtYV92ZXJzaW9uIjoiMSJ9",
          "dependencies": [
            "module.vpc.aws_vpc.this",
            "module.vpc.aws_vpc_ipv4_cidr_block_association.this"
          ]
        },
        {
          "index_key": 3,
          "schema_version": 1,
          "attributes": {
            "arn": "arn:aws:ec2:us-east-1:906105182569:subnet/subnet-05d9ce55d09968abb",
            "assign_ipv6_address_on_creation": false,
            "availability_zone": "us-east-1d",
            "availability_zone_id": "use1-az2",
            "cidr_block": "172.23.100.0/22",
            "customer_owned_ipv4_pool": "",
            "enable_dns64": false,
            "enable_resource_name_dns_a_record_on_launch": false,
            "enable_resource_name_dns_aaaa_record_on_launch": false,
            "id": "subnet-05d9ce55d09968abb",
            "ipv6_cidr_block": "",
            "ipv6_cidr_block_association_id": "",
            "ipv6_native": false,
            "map_customer_owned_ip_on_launch": false,
            "map_public_ip_on_launch": true,
            "outpost_arn": "",
            "owner_id": "906105182569",
            "private_dns_hostname_type_on_launch": "ip-name",
            "tags": {
              "Name": "caldera-test_public"
            },
            "tags_all": {
              "Name": "caldera-test_public"
            },
            "timeouts": null,
            "vpc_id": "vpc-032c01e88de8dc860"
          },
          "sensitive_attributes": [],
          "private": "eyJlMmJmYjczMC1lY2FhLTExZTYtOGY4OC0zNDM2M2JjN2M0YzAiOnsiY3JlYXRlIjo2MDAwMDAwMDAwMDAsImRlbGV0ZSI6MTIwMDAwMDAwMDAwMH0sInNjaGVtYV92ZXJzaW9uIjoiMSJ9",
          "dependencies": [
            "module.vpc.aws_vpc.this",
            "module.vpc.aws_vpc_ipv4_cidr_block_association.this"
          ]
        },
        {
          "index_key": 4,
          "schema_version": 1,
          "attributes": {
            "arn": "arn:aws:ec2:us-east-1:906105182569:subnet/subnet-004dac274e34184f4",
            "assign_ipv6_address_on_creation": false,
            "availability_zone": "us-east-1f",
            "availability_zone_id": "use1-az5",
            "cidr_block": "172.23.164.0/22",
            "customer_owned_ipv4_pool": "",
            "enable_dns64": false,
            "enable_resource_name_dns_a_record_on_launch": false,
            "enable_resource_name_dns_aaaa_record_on_launch": false,
            "id": "subnet-004dac274e34184f4",
            "ipv6_cidr_block": "",
            "ipv6_cidr_block_association_id": "",
            "ipv6_native": false,
            "map_customer_owned_ip_on_launch": false,
            "map_public_ip_on_launch": true,
            "outpost_arn": "",
            "owner_id": "906105182569",
            "private_dns_hostname_type_on_launch": "ip-name",
            "tags": {
              "Name": "caldera-test_public"
            },
            "tags_all": {
              "Name": "caldera-test_public"
            },
            "timeouts": null,
            "vpc_id": "vpc-032c01e88de8dc860"
          },
          "sensitive_attributes": [],
          "private": "eyJlMmJmYjczMC1lY2FhLTExZTYtOGY4OC0zNDM2M2JjN2M0YzAiOnsiY3JlYXRlIjo2MDAwMDAwMDAwMDAsImRlbGV0ZSI6MTIwMDAwMDAwMDAwMH0sInNjaGVtYV92ZXJzaW9uIjoiMSJ9",
          "dependencies": [
            "module.vpc.aws_vpc.this",
            "module.vpc.aws_vpc_ipv4_cidr_block_association.this"
          ]
        }
      ]
    },
    {
      "module": "module.vpc",
      "mode": "managed",
      "type": "aws_vpc",
      "name": "this",
      "provider": "provider[\"registry.terraform.io/hashicorp/aws\"]",
      "instances": [
        {
          "index_key": 0,
          "schema_version": 1,
          "attributes": {
            "arn": "arn:aws:ec2:us-east-1:906105182569:vpc/vpc-032c01e88de8dc860",
            "assign_generated_ipv6_cidr_block": false,
            "cidr_block": "172.23.0.0/16",
            "default_network_acl_id": "acl-099bdd92566524e06",
            "default_route_table_id": "rtb-0d7c83b29a447cd82",
            "default_security_group_id": "sg-00a32317e56917f61",
            "dhcp_options_id": "dopt-0f93064374bc877df",
            "enable_classiclink": false,
            "enable_classiclink_dns_support": false,
            "enable_dns_hostnames": true,
            "enable_dns_support": true,
            "id": "vpc-032c01e88de8dc860",
            "instance_tenancy": "default",
            "ipv4_ipam_pool_id": null,
            "ipv4_netmask_length": null,
            "ipv6_association_id": "",
            "ipv6_cidr_block": "",
            "ipv6_cidr_block_network_border_group": "",
            "ipv6_ipam_pool_id": "",
            "ipv6_netmask_length": 0,
            "main_route_table_id": "rtb-0d7c83b29a447cd82",
            "owner_id": "906105182569",
            "tags": {
              "Name": "VPC"
            },
            "tags_all": {
              "Name": "VPC"
            }
          },
          "sensitive_attributes": [],
          "private": "eyJzY2hlbWFfdmVyc2lvbiI6IjEifQ=="
        }
      ]
    }
  ]
}
