{
  "version": 4,
  "terraform_version": "1.2.4",
  "serial": 109,
  "lineage": "92d7cb4d-44f7-894a-e703-7c2cf0c9085d",
  "outputs": {
    "caldera_server_id": {
      "value": "i-0c33246884b961c4f",
      "type": "string"
    },
    "caldera_server_ip": {
      "value": "52.90.121.246",
      "type": "string"
    },
    "rsa_private_key": {
      "value": "-----BEGIN RSA PRIVATE KEY-----\nMIIJKQIBAAKCAgEAz28qYPdFPKcZ00uqWQ9WzIGoaVi5JQmJNBNOaDtCq/Z1zk1d\nLWhMj5UBBb047kTsYHqpf7rCerA5bdfQ/o0dZaEcdTiSZIFAjK7R7qXc0w8fBljt\nSY7nimMfF9BnrOTwC7J9UMik3ylO2XzIc8ncB3Scurhavz7xO4KpZbpGxZW8VX7g\n6N3t2y3nsFbXBOZ/H9mWl0fkiXra996YUoiK8Dr+mDXjM0BOsLNiEtbyqKsx+/Pv\nf1ka/Bv04VQrGoXuuUGvHXbsxyMuiMhfgiZ2KGDEOeocWNOm+YF9JgbabrjsHtSH\n9mG4tYF3mfCEWlQzfVrunXdeGzhooYeztSfjGPxAIM8uDAf1FQ0hgZxgax5mRZSZ\nizGIPRKesJ8huZeI1AwqCU3vCw9LC2CTDkw9xi30hHjBS3B3OgoTNDOmSb7ZJKOj\nu8m4L8YZ1BS8AduVL9OrOY30vjCq/1Ir1DhUxQAfeLwGP7mKTr0P4RzNy+4JMC5/\noq20QpFEPct8k+g6SbSN3uEaaxbKWV50jNM7GmlNHmEzEZtATqurNGJt+XQUzIjb\nRJSQXNt7ldkcGLWlqZYfOAHxrrx21BoQRmhg8j6qkOHL1qfIsIZ4DU3xlwJukEyy\nl5iPUQZM/jpvgrG9pYw9U8tB7rTyt9kel8fGa2nbMHZGPwP4kuA7MiKi1r0CAwEA\nAQKCAgEAyp0c2eXtPRdDRH4uABvZfpxO8cd14NV1rOYGugzYTLvJyh8LGmU8EytJ\n+l8fkqzD7mEh2t+DQu+KyN37CAiyZCiAcYc2hvExKblA2UgtcALfHQYTkLwDMcsr\n/cjU264rQmGvwg6Z7Fie6hTWfzL2tlmTFVcpXJCQdL5l1DWlFy3w7dmmug68XFB0\ndGv+To0OMwAH9fCFLDxSUbadNlCk1Y3qTKamK9NuiW5OJ3TJRTMi+aUFlHBmyUZN\nZSMfjyKvUUj1UWRuVvzoYTbHA4up8jrCsIcZ9TGXcTKoGVKsXWZHTL3vqBs/nhq9\nxiGGRezk9laxqCGGTDRHDzBLunEhgewJ8x8ESW1VMvn0H0+0HXovsebzAKwtatFe\nLk9PTNLYVJdZVgnN0b6A8DWZwBgi/ikqBmkt2g214OL/C3v54IkhAzzkhG2JfC+C\n4Pr1rSEHXEgJZ3+SqEhUnHAJmWwA1mEDvt1OxIgCKn9tygB9l6jweMqtt11ki6+e\nGkA5LHytGbEHHG9PNI2Li5xu3D2N9R3TntGnWZ5qcj/HVM+I+tN6voz2QDG9aQ1E\nU2jLh44BqWqHKAaBirOP+WCKiSbAY7U7i7v2+keM0BUR+wvx9tiuxt5NhonrVSay\nOuf86YTdJ2ieMriKsPFTlfvGxkBGS9LvS8sd35c0zmQtAH+US4ECggEBAP0Wfuqd\noz3jl3vF8nxxFrMPqiaxlxkFmeJwWwb/ryobibLxngprl9Ff61bSYBpIR+ahkUkd\nGSKJaLaxTlQz54NLtJcfXwUzf/UpFbbwNsgH0VAmCj9PRmpM7thGG3xcjfXO5xIR\n99SjlTJc6tZ1eRnvLEFxlGiH03isEugDJzDfpXP1okttwo9HUPtHGLtBGw0YNf5X\nxYVC7X7zgXdEQEFAjrDrK0LZdcfp5ce64MNnFJ07iKSizYrijrm1dVuTJmKPKWwj\n4EBDBM12rAHb30bNEjWcS91wBdmnfEo4soECHrF/qz7Ha1unTF2KWIHRFFcMaxq9\n923DAvFbNridic0CggEBANHSMN2dsVGpAAfY6ylLjYiZZnJC8W+D0TT98C+9ykXc\n6pAQjuQw3rqj9DCFNOj+nC716n7EXEwGkeNZ5+BWUNkxGrtgMm7E+Ea+DHpa7fpZ\nCAoBDCzMEWjIyjmVUT8ZkPDzp1/62RlqPOw0YEAfvkp3mpvCN1Y32/GQVGwUJ+6P\nRMTJWyb89Au7BBGFgvPnVbvxWhml4Tru9MHrKlAiPFHtkFzVZ3RCr1V8M6aPMvcY\nM1xejUsU85XRjMI6zQOFDvNcZuz4natwXWuXDxFHFGoAj8EGO2J+gCOByfpK6jGN\nvFb0i4czuwphus/ahxXazTHYLIiIJhoNATVZlbTA0LECggEBAKJHWF3Lci5uzmT4\nycDtKmbqNmnVGVNb+g3tiRB1xbU0LxjkQDfiQVhpLpdfEWwIyMGi+2tsEv/IJ7Jt\nAhKPrXTMiCEWZnEJUpS6IUhJwnaEPLwtiAiMJlRmvAdE/L7DAeuJHTTC/KwFr9a5\nKYMVk+8DItdbopNb9Ea93umRjAGUhZxS9htzZ3tDeTOFpN/8oQHGcmiBkw8dmPb7\n4Bm/U4wDfvsF75lPomvrGAD3XMMuR1OCJt2Z3j2dg3KkXXm4YrZzoVXLszDBSEUO\nQMB4YTQerfxeGW8FM1saP2G/9QUvfMrHV+BLMhV0skyQNqwWifo+5jYhdJOWpT5p\nBC9gJEkCggEACxmOgjrUZZiGKuQb1KxtiVtsIwFNmnOjvqTsbuogaD++nO5zULkR\nH1iLE4IIgYbupkFWLWyf4Vm7oAZikOigEE1bt6voHxoGdF+bc2GaE1NgbH8PsNL+\n3Mc6g39Vs/vbQhPxt88iawjGvkwrB1lmjLP1FuZYXRRJa2cSQEF0t1cW8T4ht1dM\nZc538aFZgyOq0m17Mb4nwyFfC18wdtrIzCDAMVkMxwa8Fc6jQN10ecPq+6j42o76\nL+PNCX1o2RXR66fovgKM/MPN/WIZZvWWq+DpufFldNlyV+6Gy9not8RiwUrgkr92\n1p7C7joGSW6wykFAYdyp/1jOxo69r7k/kQKCAQBkOAwGHohI55OmnLcok8h0BZBA\ntmTOwoUmuer6gvFc5AerJAr0T6H7rmzAWIvKPWxAGyVr3gisKXtgrVv/vhflfxHR\nGGqXF5laY/qHM9fjeIJuDOYIXo5Q/UqPWy/Vul2sLPu6HP/b5O5g0qwVBGmqF9HJ\nhRlvowD/+2Pv2Ln9svitnYvzs44lU8/cdn+djJBC2sY5YHPROliBsa9iYSklKpgU\n8Ntq8wgel4zH+AI9szklzNrHV4eJ9VA2c/Hsemm3VmDZU0oOMcYTQaW09alEubEx\n6EAiaCzHmWfsfFuc5umIYxfHI3umek42/uFWWzOYYQLdUSLXDVlzXetEIqSv\n-----END RSA PRIVATE KEY-----\n",
      "type": "string"
    }
  },
  "resources": [
    {
      "mode": "managed",
      "type": "aws_instance",
      "name": "caldera_server",
      "provider": "provider[\"registry.terraform.io/hashicorp/aws\"]",
      "instances": [
        {
          "schema_version": 1,
          "attributes": {
            "ami": "ami-09d56f8956ab235b3",
            "arn": "arn:aws:ec2:us-east-1:165541912265:instance/i-0c33246884b961c4f",
            "associate_public_ip_address": true,
            "availability_zone": "us-east-1a",
            "capacity_reservation_specification": [
              {
                "capacity_reservation_preference": "open",
                "capacity_reservation_target": []
              }
            ],
            "cpu_core_count": 1,
            "cpu_threads_per_core": 2,
            "credit_specification": [
              {
                "cpu_credits": "unlimited"
              }
            ],
            "disable_api_stop": false,
            "disable_api_termination": false,
            "ebs_block_device": [],
            "ebs_optimized": false,
            "enclave_options": [
              {
                "enabled": false
              }
            ],
            "ephemeral_block_device": [],
            "get_password_data": false,
            "hibernation": false,
            "host_id": null,
            "host_resource_group_arn": null,
            "iam_instance_profile": "",
            "id": "i-0c33246884b961c4f",
            "instance_initiated_shutdown_behavior": "stop",
            "instance_state": "running",
            "instance_type": "t3.medium",
            "ipv6_address_count": 0,
            "ipv6_addresses": [],
            "key_name": "caldera-nodes",
            "launch_template": [],
            "maintenance_options": [
              {
                "auto_recovery": "default"
              }
            ],
            "metadata_options": [
              {
                "http_endpoint": "enabled",
                "http_put_response_hop_limit": 1,
                "http_tokens": "optional",
                "instance_metadata_tags": "disabled"
              }
            ],
            "monitoring": false,
            "network_interface": [],
            "outpost_arn": "",
            "password_data": "",
            "placement_group": "",
            "placement_partition_number": null,
            "primary_network_interface_id": "eni-0606404566a975b74",
            "private_dns": "ip-172-23-4-95.ec2.internal",
            "private_dns_name_options": [
              {
                "enable_resource_name_dns_a_record": false,
                "enable_resource_name_dns_aaaa_record": false,
                "hostname_type": "ip-name"
              }
            ],
            "private_ip": "172.23.4.95",
            "public_dns": "ec2-52-90-121-246.compute-1.amazonaws.com",
            "public_ip": "52.90.121.246",
            "root_block_device": [
              {
                "delete_on_termination": true,
                "device_name": "/dev/sda1",
                "encrypted": true,
                "iops": 100,
                "kms_key_id": "arn:aws:kms:us-east-1:165541912265:key/e8abbc0f-a37f-4e57-8071-d137c2a25664",
                "tags": {},
                "throughput": 0,
                "volume_id": "vol-009ebe0f3a130b933",
                "volume_size": 8,
                "volume_type": "gp2"
              }
            ],
            "secondary_private_ips": [],
            "security_groups": [],
            "source_dest_check": true,
            "subnet_id": "subnet-0b533b58f704e981d",
            "tags": {
              "Name": "caldera_server",
              "environment": "caldera-test"
            },
            "tags_all": {
              "Name": "caldera_server",
              "environment": "caldera-test"
            },
            "tenancy": "default",
            "timeouts": null,
            "user_data": null,
            "user_data_base64": null,
            "user_data_replace_on_change": false,
            "volume_tags": null,
            "vpc_security_group_ids": [
              "sg-01e8ad8d3223e24ef"
            ]
          },
          "sensitive_attributes": [],
          "private": "eyJlMmJmYjczMC1lY2FhLTExZTYtOGY4OC0zNDM2M2JjN2M0YzAiOnsiY3JlYXRlIjo2MDAwMDAwMDAwMDAsImRlbGV0ZSI6MTIwMDAwMDAwMDAwMCwidXBkYXRlIjo2MDAwMDAwMDAwMDB9LCJzY2hlbWFfdmVyc2lvbiI6IjEifQ==",
          "dependencies": [
            "aws_security_group.sg_caldera_server",
            "module.aws_rsa_key.aws_key_pair.worker",
            "module.aws_rsa_key.local_file.ssh_local",
            "module.aws_rsa_key.tls_private_key.ssh_key",
            "module.vpc.aws_cloudwatch_log_group.flow_log",
            "module.vpc.aws_customer_gateway.this",
            "module.vpc.aws_db_subnet_group.database",
            "module.vpc.aws_default_network_acl.this",
            "module.vpc.aws_default_route_table.default",
            "module.vpc.aws_default_security_group.this",
            "module.vpc.aws_default_vpc.this",
            "module.vpc.aws_egress_only_internet_gateway.this",
            "module.vpc.aws_eip.nat",
            "module.vpc.aws_elasticache_subnet_group.elasticache",
            "module.vpc.aws_flow_log.this",
            "module.vpc.aws_iam_policy.vpc_flow_log_cloudwatch",
            "module.vpc.aws_iam_role.vpc_flow_log_cloudwatch",
            "module.vpc.aws_iam_role_policy_attachment.vpc_flow_log_cloudwatch",
            "module.vpc.aws_internet_gateway.this",
            "module.vpc.aws_nat_gateway.this",
            "module.vpc.aws_network_acl.database",
            "module.vpc.aws_network_acl.elasticache",
            "module.vpc.aws_network_acl.intra",
            "module.vpc.aws_network_acl.outpost",
            "module.vpc.aws_network_acl.private",
            "module.vpc.aws_network_acl.public",
            "module.vpc.aws_network_acl.redshift",
            "module.vpc.aws_network_acl_rule.database_inbound",
            "module.vpc.aws_network_acl_rule.database_outbound",
            "module.vpc.aws_network_acl_rule.elasticache_inbound",
            "module.vpc.aws_network_acl_rule.elasticache_outbound",
            "module.vpc.aws_network_acl_rule.intra_inbound",
            "module.vpc.aws_network_acl_rule.intra_outbound",
            "module.vpc.aws_network_acl_rule.outpost_inbound",
            "module.vpc.aws_network_acl_rule.outpost_outbound",
            "module.vpc.aws_network_acl_rule.private_inbound",
            "module.vpc.aws_network_acl_rule.private_outbound",
            "module.vpc.aws_network_acl_rule.public_inbound",
            "module.vpc.aws_network_acl_rule.public_outbound",
            "module.vpc.aws_network_acl_rule.redshift_inbound",
            "module.vpc.aws_network_acl_rule.redshift_outbound",
            "module.vpc.aws_redshift_subnet_group.redshift",
            "module.vpc.aws_route.database_internet_gateway",
            "module.vpc.aws_route.database_ipv6_egress",
            "module.vpc.aws_route.database_nat_gateway",
            "module.vpc.aws_route.private_ipv6_egress",
            "module.vpc.aws_route.private_nat_gateway",
            "module.vpc.aws_route.public_internet_gateway",
            "module.vpc.aws_route.public_internet_gateway_ipv6",
            "module.vpc.aws_route_table.database",
            "module.vpc.aws_route_table.elasticache",
            "module.vpc.aws_route_table.intra",
            "module.vpc.aws_route_table.private",
            "module.vpc.aws_route_table.public",
            "module.vpc.aws_route_table.redshift",
            "module.vpc.aws_route_table_association.database",
            "module.vpc.aws_route_table_association.elasticache",
            "module.vpc.aws_route_table_association.intra",
            "module.vpc.aws_route_table_association.outpost",
            "module.vpc.aws_route_table_association.private",
            "module.vpc.aws_route_table_association.public",
            "module.vpc.aws_route_table_association.redshift",
            "module.vpc.aws_route_table_association.redshift_public",
            "module.vpc.aws_subnet.database",
            "module.vpc.aws_subnet.elasticache",
            "module.vpc.aws_subnet.intra",
            "module.vpc.aws_subnet.outpost",
            "module.vpc.aws_subnet.private",
            "module.vpc.aws_subnet.public",
            "module.vpc.aws_subnet.redshift",
            "module.vpc.aws_vpc.this",
            "module.vpc.aws_vpc_dhcp_options.this",
            "module.vpc.aws_vpc_dhcp_options_association.this",
            "module.vpc.aws_vpc_ipv4_cidr_block_association.this",
            "module.vpc.aws_vpn_gateway.this",
            "module.vpc.aws_vpn_gateway_attachment.this",
            "module.vpc.aws_vpn_gateway_route_propagation.intra",
            "module.vpc.aws_vpn_gateway_route_propagation.private",
            "module.vpc.aws_vpn_gateway_route_propagation.public",
            "module.vpc.data.aws_iam_policy_document.flow_log_cloudwatch_assume_role",
            "module.vpc.data.aws_iam_policy_document.vpc_flow_log_cloudwatch"
          ]
        }
      ]
    },
    {
      "mode": "managed",
      "type": "aws_security_group",
      "name": "sg_caldera_server",
      "provider": "provider[\"registry.terraform.io/hashicorp/aws\"]",
      "instances": [
        {
          "schema_version": 1,
          "attributes": {
            "arn": "arn:aws:ec2:us-east-1:165541912265:security-group/sg-01e8ad8d3223e24ef",
            "description": "Allow ports for caldera server",
            "egress": [
              {
                "cidr_blocks": [
                  "0.0.0.0/0"
                ],
                "description": "",
                "from_port": 0,
                "ipv6_cidr_blocks": [],
                "prefix_list_ids": [],
                "protocol": "-1",
                "security_groups": [],
                "self": false,
                "to_port": 0
              }
            ],
            "id": "sg-01e8ad8d3223e24ef",
            "ingress": [
              {
                "cidr_blocks": [
                  "0.0.0.0/0"
                ],
                "description": "Caldera server port",
                "from_port": 2288,
                "ipv6_cidr_blocks": [],
                "prefix_list_ids": [],
                "protocol": "tcp",
                "security_groups": [],
                "self": false,
                "to_port": 2288
              },
              {
                "cidr_blocks": [
                  "0.0.0.0/0"
                ],
                "description": "SSH from VPC",
                "from_port": 22,
                "ipv6_cidr_blocks": [],
                "prefix_list_ids": [],
                "protocol": "tcp",
                "security_groups": [],
                "self": false,
                "to_port": 22
              }
            ],
            "name": "sg_caldera_server",
            "name_prefix": "",
            "owner_id": "165541912265",
            "revoke_rules_on_delete": false,
            "tags": {
              "environment": "caldera-test"
            },
            "tags_all": {
              "environment": "caldera-test"
            },
            "timeouts": null,
            "vpc_id": "vpc-03ced3260c7210963"
          },
          "sensitive_attributes": [],
          "private": "eyJlMmJmYjczMC1lY2FhLTExZTYtOGY4OC0zNDM2M2JjN2M0YzAiOnsiY3JlYXRlIjo2MDAwMDAwMDAwMDAsImRlbGV0ZSI6OTAwMDAwMDAwMDAwfSwic2NoZW1hX3ZlcnNpb24iOiIxIn0=",
          "dependencies": [
            "module.vpc.aws_vpc.this"
          ]
        }
      ]
    },
    {
      "module": "module.aws_rsa_key",
      "mode": "managed",
      "type": "aws_key_pair",
      "name": "worker",
      "provider": "provider[\"registry.terraform.io/hashicorp/aws\"]",
      "instances": [
        {
          "schema_version": 1,
          "attributes": {
            "arn": "arn:aws:ec2:us-east-1:165541912265:key-pair/caldera-nodes",
            "fingerprint": "3a:cf:c5:86:60:98:c0:96:d8:bf:68:13:ee:90:b3:87",
            "id": "caldera-nodes",
            "key_name": "caldera-nodes",
            "key_name_prefix": "",
            "key_pair_id": "key-056b5c97e991a2b32",
            "key_type": "rsa",
            "public_key": "ssh-rsa AAAAB3NzaC1yc2EAAAADAQABAAACAQDPbypg90U8pxnTS6pZD1bMgahpWLklCYk0E05oO0Kr9nXOTV0taEyPlQEFvTjuROxgeql/usJ6sDlt19D+jR1loRx1OJJkgUCMrtHupdzTDx8GWO1JjueKYx8X0Ges5PALsn1QyKTfKU7ZfMhzydwHdJy6uFq/PvE7gqllukbFlbxVfuDo3e3bLeewVtcE5n8f2ZaXR+SJetr33phSiIrwOv6YNeMzQE6ws2IS1vKoqzH78+9/WRr8G/ThVCsahe65Qa8dduzHIy6IyF+CJnYoYMQ56hxY06b5gX0mBtpuuOwe1If2Ybi1gXeZ8IRaVDN9Wu6dd14bOGihh7O1J+MY/EAgzy4MB/UVDSGBnGBrHmZFlJmLMYg9Ep6wnyG5l4jUDCoJTe8LD0sLYJMOTD3GLfSEeMFLcHc6ChM0M6ZJvtkko6O7ybgvxhnUFLwB25Uv06s5jfS+MKr/UivUOFTFAB94vAY/uYpOvQ/hHM3L7gkwLn+irbRCkUQ9y3yT6DpJtI3e4RprFspZXnSM0zsaaU0eYTMRm0BOq6s0Ym35dBTMiNtElJBc23uV2RwYtaWplh84AfGuvHbUGhBGaGDyPqqQ4cvWp8iwhngNTfGXAm6QTLKXmI9RBkz+Om+Csb2ljD1Ty0HutPK32R6Xx8ZradswdkY/A/iS4DsyIqLWvQ==",
            "tags": null,
            "tags_all": {}
          },
          "sensitive_attributes": [],
          "private": "eyJzY2hlbWFfdmVyc2lvbiI6IjEifQ==",
          "dependencies": [
            "module.aws_rsa_key.tls_private_key.ssh_key",
            "module.vpc.aws_cloudwatch_log_group.flow_log",
            "module.vpc.aws_customer_gateway.this",
            "module.vpc.aws_db_subnet_group.database",
            "module.vpc.aws_default_network_acl.this",
            "module.vpc.aws_default_route_table.default",
            "module.vpc.aws_default_security_group.this",
            "module.vpc.aws_default_vpc.this",
            "module.vpc.aws_egress_only_internet_gateway.this",
            "module.vpc.aws_eip.nat",
            "module.vpc.aws_elasticache_subnet_group.elasticache",
            "module.vpc.aws_flow_log.this",
            "module.vpc.aws_iam_policy.vpc_flow_log_cloudwatch",
            "module.vpc.aws_iam_role.vpc_flow_log_cloudwatch",
            "module.vpc.aws_iam_role_policy_attachment.vpc_flow_log_cloudwatch",
            "module.vpc.aws_internet_gateway.this",
            "module.vpc.aws_nat_gateway.this",
            "module.vpc.aws_network_acl.database",
            "module.vpc.aws_network_acl.elasticache",
            "module.vpc.aws_network_acl.intra",
            "module.vpc.aws_network_acl.outpost",
            "module.vpc.aws_network_acl.private",
            "module.vpc.aws_network_acl.public",
            "module.vpc.aws_network_acl.redshift",
            "module.vpc.aws_network_acl_rule.database_inbound",
            "module.vpc.aws_network_acl_rule.database_outbound",
            "module.vpc.aws_network_acl_rule.elasticache_inbound",
            "module.vpc.aws_network_acl_rule.elasticache_outbound",
            "module.vpc.aws_network_acl_rule.intra_inbound",
            "module.vpc.aws_network_acl_rule.intra_outbound",
            "module.vpc.aws_network_acl_rule.outpost_inbound",
            "module.vpc.aws_network_acl_rule.outpost_outbound",
            "module.vpc.aws_network_acl_rule.private_inbound",
            "module.vpc.aws_network_acl_rule.private_outbound",
            "module.vpc.aws_network_acl_rule.public_inbound",
            "module.vpc.aws_network_acl_rule.public_outbound",
            "module.vpc.aws_network_acl_rule.redshift_inbound",
            "module.vpc.aws_network_acl_rule.redshift_outbound",
            "module.vpc.aws_redshift_subnet_group.redshift",
            "module.vpc.aws_route.database_internet_gateway",
            "module.vpc.aws_route.database_ipv6_egress",
            "module.vpc.aws_route.database_nat_gateway",
            "module.vpc.aws_route.private_ipv6_egress",
            "module.vpc.aws_route.private_nat_gateway",
            "module.vpc.aws_route.public_internet_gateway",
            "module.vpc.aws_route.public_internet_gateway_ipv6",
            "module.vpc.aws_route_table.database",
            "module.vpc.aws_route_table.elasticache",
            "module.vpc.aws_route_table.intra",
            "module.vpc.aws_route_table.private",
            "module.vpc.aws_route_table.public",
            "module.vpc.aws_route_table.redshift",
            "module.vpc.aws_route_table_association.database",
            "module.vpc.aws_route_table_association.elasticache",
            "module.vpc.aws_route_table_association.intra",
            "module.vpc.aws_route_table_association.outpost",
            "module.vpc.aws_route_table_association.private",
            "module.vpc.aws_route_table_association.public",
            "module.vpc.aws_route_table_association.redshift",
            "module.vpc.aws_route_table_association.redshift_public",
            "module.vpc.aws_subnet.database",
            "module.vpc.aws_subnet.elasticache",
            "module.vpc.aws_subnet.intra",
            "module.vpc.aws_subnet.outpost",
            "module.vpc.aws_subnet.private",
            "module.vpc.aws_subnet.public",
            "module.vpc.aws_subnet.redshift",
            "module.vpc.aws_vpc.this",
            "module.vpc.aws_vpc_dhcp_options.this",
            "module.vpc.aws_vpc_dhcp_options_association.this",
            "module.vpc.aws_vpc_ipv4_cidr_block_association.this",
            "module.vpc.aws_vpn_gateway.this",
            "module.vpc.aws_vpn_gateway_attachment.this",
            "module.vpc.aws_vpn_gateway_route_propagation.intra",
            "module.vpc.aws_vpn_gateway_route_propagation.private",
            "module.vpc.aws_vpn_gateway_route_propagation.public",
            "module.vpc.data.aws_iam_policy_document.flow_log_cloudwatch_assume_role",
            "module.vpc.data.aws_iam_policy_document.vpc_flow_log_cloudwatch"
          ]
        }
      ]
    },
    {
      "module": "module.aws_rsa_key",
      "mode": "managed",
      "type": "tls_private_key",
      "name": "ssh_key",
      "provider": "provider[\"registry.terraform.io/hashicorp/tls\"]",
      "instances": [
        {
          "schema_version": 1,
          "attributes": {
            "algorithm": "RSA",
            "ecdsa_curve": "P224",
            "id": "d047aee7ba4f94764ee8c7365c107043f1ffe355",
            "private_key_openssh": "-----BEGIN OPENSSH PRIVATE KEY-----\nb3BlbnNzaC1rZXktdjEAAAAABG5vbmUAAAAEbm9uZQAAAAAAAAABAAACFwAAAAdz\nc2gtcnNhAAAAAwEAAQAAAgEAz28qYPdFPKcZ00uqWQ9WzIGoaVi5JQmJNBNOaDtC\nq/Z1zk1dLWhMj5UBBb047kTsYHqpf7rCerA5bdfQ/o0dZaEcdTiSZIFAjK7R7qXc\n0w8fBljtSY7nimMfF9BnrOTwC7J9UMik3ylO2XzIc8ncB3Scurhavz7xO4KpZbpG\nxZW8VX7g6N3t2y3nsFbXBOZ/H9mWl0fkiXra996YUoiK8Dr+mDXjM0BOsLNiEtby\nqKsx+/Pvf1ka/Bv04VQrGoXuuUGvHXbsxyMuiMhfgiZ2KGDEOeocWNOm+YF9Jgba\nbrjsHtSH9mG4tYF3mfCEWlQzfVrunXdeGzhooYeztSfjGPxAIM8uDAf1FQ0hgZxg\nax5mRZSZizGIPRKesJ8huZeI1AwqCU3vCw9LC2CTDkw9xi30hHjBS3B3OgoTNDOm\nSb7ZJKOju8m4L8YZ1BS8AduVL9OrOY30vjCq/1Ir1DhUxQAfeLwGP7mKTr0P4RzN\ny+4JMC5/oq20QpFEPct8k+g6SbSN3uEaaxbKWV50jNM7GmlNHmEzEZtATqurNGJt\n+XQUzIjbRJSQXNt7ldkcGLWlqZYfOAHxrrx21BoQRmhg8j6qkOHL1qfIsIZ4DU3x\nlwJukEyyl5iPUQZM/jpvgrG9pYw9U8tB7rTyt9kel8fGa2nbMHZGPwP4kuA7MiKi\n1r0AAAc4pliGCqZYhgoAAAAHc3NoLXJzYQAAAgEAz28qYPdFPKcZ00uqWQ9WzIGo\naVi5JQmJNBNOaDtCq/Z1zk1dLWhMj5UBBb047kTsYHqpf7rCerA5bdfQ/o0dZaEc\ndTiSZIFAjK7R7qXc0w8fBljtSY7nimMfF9BnrOTwC7J9UMik3ylO2XzIc8ncB3Sc\nurhavz7xO4KpZbpGxZW8VX7g6N3t2y3nsFbXBOZ/H9mWl0fkiXra996YUoiK8Dr+\nmDXjM0BOsLNiEtbyqKsx+/Pvf1ka/Bv04VQrGoXuuUGvHXbsxyMuiMhfgiZ2KGDE\nOeocWNOm+YF9JgbabrjsHtSH9mG4tYF3mfCEWlQzfVrunXdeGzhooYeztSfjGPxA\nIM8uDAf1FQ0hgZxgax5mRZSZizGIPRKesJ8huZeI1AwqCU3vCw9LC2CTDkw9xi30\nhHjBS3B3OgoTNDOmSb7ZJKOju8m4L8YZ1BS8AduVL9OrOY30vjCq/1Ir1DhUxQAf\neLwGP7mKTr0P4RzNy+4JMC5/oq20QpFEPct8k+g6SbSN3uEaaxbKWV50jNM7GmlN\nHmEzEZtATqurNGJt+XQUzIjbRJSQXNt7ldkcGLWlqZYfOAHxrrx21BoQRmhg8j6q\nkOHL1qfIsIZ4DU3xlwJukEyyl5iPUQZM/jpvgrG9pYw9U8tB7rTyt9kel8fGa2nb\nMHZGPwP4kuA7MiKi1r0AAAADAQABAAACAQDKnRzZ5e09F0NEfi4AG9l+nE7xx3Xg\n1XWs5ga6DNhMu8nKHwsaZTwTK0n6Xx+SrMPuYSHa34NC74rI3fsICLJkKIBxhzaG\n8TEpuUDZSC1wAt8dBhOQvAMxyyv9yNTbritCYa/CDpnsWJ7qFNZ/Mva2WZMVVylc\nkJB0vmXUNaUXLfDt2aa6DrxcUHR0a/5OjQ4zAAf18IUsPFJRtp02UKTVjepMpqYr\n026Jbk4ndMlFMyL5pQWUcGbJRk1lIx+PIq9RSPVRZG5W/OhhNscDi6nyOsKwhxn1\nMZdxMqgZUqxdZkdMve+oGz+eGr3GIYZF7OT2VrGoIYZMNEcPMEu6cSGB7AnzHwRJ\nbVUy+fQfT7Qdei+x5vMArC1q0V4uT09M0thUl1lWCc3RvoDwNZnAGCL+KSoGaS3a\nDbXg4v8Le/ngiSEDPOSEbYl8L4Lg+vWtIQdcSAlnf5KoSFSccAmZbADWYQO+3U7E\niAIqf23KAH2XqPB4yq23XWSLr54aQDksfK0ZsQccb080jYuLnG7cPY31HdOe0adZ\nnmpyP8dUz4j603q+jPZAMb1pDURTaMuHjgGpaocoBoGKs4/5YIqJJsBjtTuLu/b6\nR4zQFRH7C/H22K7G3k2GietVJrI65/zphN0naJ4yuIqw8VOV+8bGQEZL0u9Lyx3f\nlzTOZC0Af5RLgQAAAQBkOAwGHohI55OmnLcok8h0BZBAtmTOwoUmuer6gvFc5Aer\nJAr0T6H7rmzAWIvKPWxAGyVr3gisKXtgrVv/vhflfxHRGGqXF5laY/qHM9fjeIJu\nDOYIXo5Q/UqPWy/Vul2sLPu6HP/b5O5g0qwVBGmqF9HJhRlvowD/+2Pv2Ln9svit\nnYvzs44lU8/cdn+djJBC2sY5YHPROliBsa9iYSklKpgU8Ntq8wgel4zH+AI9szkl\nzNrHV4eJ9VA2c/Hsemm3VmDZU0oOMcYTQaW09alEubEx6EAiaCzHmWfsfFuc5umI\nYxfHI3umek42/uFWWzOYYQLdUSLXDVlzXetEIqSvAAABAQD9Fn7qnaM945d7xfJ8\ncRazD6omsZcZBZnicFsG/68qG4my8Z4Ka5fRX+tW0mAaSEfmoZFJHRkiiWi2sU5U\nM+eDS7SXH18FM3/1KRW28DbIB9FQJgo/T0ZqTO7YRht8XI31zucSEffUo5UyXOrW\ndXkZ7yxBcZRoh9N4rBLoAycw36Vz9aJLbcKPR1D7Rxi7QRsNGDX+V8WFQu1+84F3\nREBBQI6w6ytC2XXH6eXHuuDDZxSdO4ikos2K4o65tXVbkyZijylsI+BAQwTNdqwB\n299GzRI1nEvdcAXZp3xKOLKBAh6xf6s+x2tbp0xdiliB0RRXDGsavfdtwwLxWza4\nnYnNAAABAQDR0jDdnbFRqQAH2OspS42ImWZyQvFvg9E0/fAvvcpF3OqQEI7kMN66\no/QwhTTo/pwu9ep+xFxMBpHjWefgVlDZMRq7YDJuxPhGvgx6Wu36WQgKAQwszBFo\nyMo5lVE/GZDw86df+tkZajzsNGBAH75Kd5qbwjdWN9vxkFRsFCfuj0TEyVsm/PQL\nuwQRhYLz51W78VoZpeE67vTB6ypQIjxR7ZBc1Wd0Qq9VfDOmjzL3GDNcXo1LFPOV\n0YzCOs0DhQ7zXGbs+J2rcF1rlw8RRxRqAI/BBjtifoAjgcn6SuoxjbxW9IuHM7sK\nYbrP2ocV2s0x2CyIiCYaDQE1WZW0wNCxAAAAAAEC\n-----END OPENSSH PRIVATE KEY-----\n",
            "private_key_pem": "-----BEGIN RSA PRIVATE KEY-----\nMIIJKQIBAAKCAgEAz28qYPdFPKcZ00uqWQ9WzIGoaVi5JQmJNBNOaDtCq/Z1zk1d\nLWhMj5UBBb047kTsYHqpf7rCerA5bdfQ/o0dZaEcdTiSZIFAjK7R7qXc0w8fBljt\nSY7nimMfF9BnrOTwC7J9UMik3ylO2XzIc8ncB3Scurhavz7xO4KpZbpGxZW8VX7g\n6N3t2y3nsFbXBOZ/H9mWl0fkiXra996YUoiK8Dr+mDXjM0BOsLNiEtbyqKsx+/Pv\nf1ka/Bv04VQrGoXuuUGvHXbsxyMuiMhfgiZ2KGDEOeocWNOm+YF9JgbabrjsHtSH\n9mG4tYF3mfCEWlQzfVrunXdeGzhooYeztSfjGPxAIM8uDAf1FQ0hgZxgax5mRZSZ\nizGIPRKesJ8huZeI1AwqCU3vCw9LC2CTDkw9xi30hHjBS3B3OgoTNDOmSb7ZJKOj\nu8m4L8YZ1BS8AduVL9OrOY30vjCq/1Ir1DhUxQAfeLwGP7mKTr0P4RzNy+4JMC5/\noq20QpFEPct8k+g6SbSN3uEaaxbKWV50jNM7GmlNHmEzEZtATqurNGJt+XQUzIjb\nRJSQXNt7ldkcGLWlqZYfOAHxrrx21BoQRmhg8j6qkOHL1qfIsIZ4DU3xlwJukEyy\nl5iPUQZM/jpvgrG9pYw9U8tB7rTyt9kel8fGa2nbMHZGPwP4kuA7MiKi1r0CAwEA\nAQKCAgEAyp0c2eXtPRdDRH4uABvZfpxO8cd14NV1rOYGugzYTLvJyh8LGmU8EytJ\n+l8fkqzD7mEh2t+DQu+KyN37CAiyZCiAcYc2hvExKblA2UgtcALfHQYTkLwDMcsr\n/cjU264rQmGvwg6Z7Fie6hTWfzL2tlmTFVcpXJCQdL5l1DWlFy3w7dmmug68XFB0\ndGv+To0OMwAH9fCFLDxSUbadNlCk1Y3qTKamK9NuiW5OJ3TJRTMi+aUFlHBmyUZN\nZSMfjyKvUUj1UWRuVvzoYTbHA4up8jrCsIcZ9TGXcTKoGVKsXWZHTL3vqBs/nhq9\nxiGGRezk9laxqCGGTDRHDzBLunEhgewJ8x8ESW1VMvn0H0+0HXovsebzAKwtatFe\nLk9PTNLYVJdZVgnN0b6A8DWZwBgi/ikqBmkt2g214OL/C3v54IkhAzzkhG2JfC+C\n4Pr1rSEHXEgJZ3+SqEhUnHAJmWwA1mEDvt1OxIgCKn9tygB9l6jweMqtt11ki6+e\nGkA5LHytGbEHHG9PNI2Li5xu3D2N9R3TntGnWZ5qcj/HVM+I+tN6voz2QDG9aQ1E\nU2jLh44BqWqHKAaBirOP+WCKiSbAY7U7i7v2+keM0BUR+wvx9tiuxt5NhonrVSay\nOuf86YTdJ2ieMriKsPFTlfvGxkBGS9LvS8sd35c0zmQtAH+US4ECggEBAP0Wfuqd\noz3jl3vF8nxxFrMPqiaxlxkFmeJwWwb/ryobibLxngprl9Ff61bSYBpIR+ahkUkd\nGSKJaLaxTlQz54NLtJcfXwUzf/UpFbbwNsgH0VAmCj9PRmpM7thGG3xcjfXO5xIR\n99SjlTJc6tZ1eRnvLEFxlGiH03isEugDJzDfpXP1okttwo9HUPtHGLtBGw0YNf5X\nxYVC7X7zgXdEQEFAjrDrK0LZdcfp5ce64MNnFJ07iKSizYrijrm1dVuTJmKPKWwj\n4EBDBM12rAHb30bNEjWcS91wBdmnfEo4soECHrF/qz7Ha1unTF2KWIHRFFcMaxq9\n923DAvFbNridic0CggEBANHSMN2dsVGpAAfY6ylLjYiZZnJC8W+D0TT98C+9ykXc\n6pAQjuQw3rqj9DCFNOj+nC716n7EXEwGkeNZ5+BWUNkxGrtgMm7E+Ea+DHpa7fpZ\nCAoBDCzMEWjIyjmVUT8ZkPDzp1/62RlqPOw0YEAfvkp3mpvCN1Y32/GQVGwUJ+6P\nRMTJWyb89Au7BBGFgvPnVbvxWhml4Tru9MHrKlAiPFHtkFzVZ3RCr1V8M6aPMvcY\nM1xejUsU85XRjMI6zQOFDvNcZuz4natwXWuXDxFHFGoAj8EGO2J+gCOByfpK6jGN\nvFb0i4czuwphus/ahxXazTHYLIiIJhoNATVZlbTA0LECggEBAKJHWF3Lci5uzmT4\nycDtKmbqNmnVGVNb+g3tiRB1xbU0LxjkQDfiQVhpLpdfEWwIyMGi+2tsEv/IJ7Jt\nAhKPrXTMiCEWZnEJUpS6IUhJwnaEPLwtiAiMJlRmvAdE/L7DAeuJHTTC/KwFr9a5\nKYMVk+8DItdbopNb9Ea93umRjAGUhZxS9htzZ3tDeTOFpN/8oQHGcmiBkw8dmPb7\n4Bm/U4wDfvsF75lPomvrGAD3XMMuR1OCJt2Z3j2dg3KkXXm4YrZzoVXLszDBSEUO\nQMB4YTQerfxeGW8FM1saP2G/9QUvfMrHV+BLMhV0skyQNqwWifo+5jYhdJOWpT5p\nBC9gJEkCggEACxmOgjrUZZiGKuQb1KxtiVtsIwFNmnOjvqTsbuogaD++nO5zULkR\nH1iLE4IIgYbupkFWLWyf4Vm7oAZikOigEE1bt6voHxoGdF+bc2GaE1NgbH8PsNL+\n3Mc6g39Vs/vbQhPxt88iawjGvkwrB1lmjLP1FuZYXRRJa2cSQEF0t1cW8T4ht1dM\nZc538aFZgyOq0m17Mb4nwyFfC18wdtrIzCDAMVkMxwa8Fc6jQN10ecPq+6j42o76\nL+PNCX1o2RXR66fovgKM/MPN/WIZZvWWq+DpufFldNlyV+6Gy9not8RiwUrgkr92\n1p7C7joGSW6wykFAYdyp/1jOxo69r7k/kQKCAQBkOAwGHohI55OmnLcok8h0BZBA\ntmTOwoUmuer6gvFc5AerJAr0T6H7rmzAWIvKPWxAGyVr3gisKXtgrVv/vhflfxHR\nGGqXF5laY/qHM9fjeIJuDOYIXo5Q/UqPWy/Vul2sLPu6HP/b5O5g0qwVBGmqF9HJ\nhRlvowD/+2Pv2Ln9svitnYvzs44lU8/cdn+djJBC2sY5YHPROliBsa9iYSklKpgU\n8Ntq8wgel4zH+AI9szklzNrHV4eJ9VA2c/Hsemm3VmDZU0oOMcYTQaW09alEubEx\n6EAiaCzHmWfsfFuc5umIYxfHI3umek42/uFWWzOYYQLdUSLXDVlzXetEIqSv\n-----END RSA PRIVATE KEY-----\n",
            "private_key_pem_pkcs8": "-----BEGIN PRIVATE KEY-----\nMIIJQwIBADANBgkqhkiG9w0BAQEFAASCCS0wggkpAgEAAoICAQDPbypg90U8pxnT\nS6pZD1bMgahpWLklCYk0E05oO0Kr9nXOTV0taEyPlQEFvTjuROxgeql/usJ6sDlt\n19D+jR1loRx1OJJkgUCMrtHupdzTDx8GWO1JjueKYx8X0Ges5PALsn1QyKTfKU7Z\nfMhzydwHdJy6uFq/PvE7gqllukbFlbxVfuDo3e3bLeewVtcE5n8f2ZaXR+SJetr3\n3phSiIrwOv6YNeMzQE6ws2IS1vKoqzH78+9/WRr8G/ThVCsahe65Qa8dduzHIy6I\nyF+CJnYoYMQ56hxY06b5gX0mBtpuuOwe1If2Ybi1gXeZ8IRaVDN9Wu6dd14bOGih\nh7O1J+MY/EAgzy4MB/UVDSGBnGBrHmZFlJmLMYg9Ep6wnyG5l4jUDCoJTe8LD0sL\nYJMOTD3GLfSEeMFLcHc6ChM0M6ZJvtkko6O7ybgvxhnUFLwB25Uv06s5jfS+MKr/\nUivUOFTFAB94vAY/uYpOvQ/hHM3L7gkwLn+irbRCkUQ9y3yT6DpJtI3e4RprFspZ\nXnSM0zsaaU0eYTMRm0BOq6s0Ym35dBTMiNtElJBc23uV2RwYtaWplh84AfGuvHbU\nGhBGaGDyPqqQ4cvWp8iwhngNTfGXAm6QTLKXmI9RBkz+Om+Csb2ljD1Ty0HutPK3\n2R6Xx8ZradswdkY/A/iS4DsyIqLWvQIDAQABAoICAQDKnRzZ5e09F0NEfi4AG9l+\nnE7xx3Xg1XWs5ga6DNhMu8nKHwsaZTwTK0n6Xx+SrMPuYSHa34NC74rI3fsICLJk\nKIBxhzaG8TEpuUDZSC1wAt8dBhOQvAMxyyv9yNTbritCYa/CDpnsWJ7qFNZ/Mva2\nWZMVVylckJB0vmXUNaUXLfDt2aa6DrxcUHR0a/5OjQ4zAAf18IUsPFJRtp02UKTV\njepMpqYr026Jbk4ndMlFMyL5pQWUcGbJRk1lIx+PIq9RSPVRZG5W/OhhNscDi6ny\nOsKwhxn1MZdxMqgZUqxdZkdMve+oGz+eGr3GIYZF7OT2VrGoIYZMNEcPMEu6cSGB\n7AnzHwRJbVUy+fQfT7Qdei+x5vMArC1q0V4uT09M0thUl1lWCc3RvoDwNZnAGCL+\nKSoGaS3aDbXg4v8Le/ngiSEDPOSEbYl8L4Lg+vWtIQdcSAlnf5KoSFSccAmZbADW\nYQO+3U7EiAIqf23KAH2XqPB4yq23XWSLr54aQDksfK0ZsQccb080jYuLnG7cPY31\nHdOe0adZnmpyP8dUz4j603q+jPZAMb1pDURTaMuHjgGpaocoBoGKs4/5YIqJJsBj\ntTuLu/b6R4zQFRH7C/H22K7G3k2GietVJrI65/zphN0naJ4yuIqw8VOV+8bGQEZL\n0u9Lyx3flzTOZC0Af5RLgQKCAQEA/RZ+6p2jPeOXe8XyfHEWsw+qJrGXGQWZ4nBb\nBv+vKhuJsvGeCmuX0V/rVtJgGkhH5qGRSR0ZIolotrFOVDPng0u0lx9fBTN/9SkV\ntvA2yAfRUCYKP09Gakzu2EYbfFyN9c7nEhH31KOVMlzq1nV5Ge8sQXGUaIfTeKwS\n6AMnMN+lc/WiS23Cj0dQ+0cYu0EbDRg1/lfFhULtfvOBd0RAQUCOsOsrQtl1x+nl\nx7rgw2cUnTuIpKLNiuKOubV1W5MmYo8pbCPgQEMEzXasAdvfRs0SNZxL3XAF2ad8\nSjiygQIesX+rPsdrW6dMXYpYgdEUVwxrGr33bcMC8Vs2uJ2JzQKCAQEA0dIw3Z2x\nUakAB9jrKUuNiJlmckLxb4PRNP3wL73KRdzqkBCO5DDeuqP0MIU06P6cLvXqfsRc\nTAaR41nn4FZQ2TEau2AybsT4Rr4Melrt+lkICgEMLMwRaMjKOZVRPxmQ8POnX/rZ\nGWo87DRgQB++Sneam8I3Vjfb8ZBUbBQn7o9ExMlbJvz0C7sEEYWC8+dVu/FaGaXh\nOu70wesqUCI8Ue2QXNVndEKvVXwzpo8y9xgzXF6NSxTzldGMwjrNA4UO81xm7Pid\nq3Bda5cPEUcUagCPwQY7Yn6AI4HJ+krqMY28VvSLhzO7CmG6z9qHFdrNMdgsiIgm\nGg0BNVmVtMDQsQKCAQEAokdYXctyLm7OZPjJwO0qZuo2adUZU1v6De2JEHXFtTQv\nGORAN+JBWGkul18RbAjIwaL7a2wS/8gnsm0CEo+tdMyIIRZmcQlSlLohSEnCdoQ8\nvC2ICIwmVGa8B0T8vsMB64kdNML8rAWv1rkpgxWT7wMi11uik1v0Rr3e6ZGMAZSF\nnFL2G3Nne0N5M4Wk3/yhAcZyaIGTDx2Y9vvgGb9TjAN++wXvmU+ia+sYAPdcwy5H\nU4Im3ZnePZ2DcqRdebhitnOhVcuzMMFIRQ5AwHhhNB6t/F4ZbwUzWxo/Yb/1BS98\nysdX4EsyFXSyTJA2rBaJ+j7mNiF0k5alPmkEL2AkSQKCAQALGY6COtRlmIYq5BvU\nrG2JW2wjAU2ac6O+pOxu6iBoP76c7nNQuREfWIsTggiBhu6mQVYtbJ/hWbugBmKQ\n6KAQTVu3q+gfGgZ0X5tzYZoTU2Bsfw+w0v7cxzqDf1Wz+9tCE/G3zyJrCMa+TCsH\nWWaMs/UW5lhdFElrZxJAQXS3VxbxPiG3V0xlznfxoVmDI6rSbXsxvifDIV8LXzB2\n2sjMIMAxWQzHBrwVzqNA3XR5w+r7qPjajvov480JfWjZFdHrp+i+Aoz8w839Yhlm\n9Zar4Om58WV02XJX7obL2ei3xGLBSuCSv3bWnsLuOgZJbrDKQUBh3Kn/WM7Gjr2v\nuT+RAoIBAGQ4DAYeiEjnk6actyiTyHQFkEC2ZM7ChSa56vqC8VzkB6skCvRPofuu\nbMBYi8o9bEAbJWveCKwpe2CtW/++F+V/EdEYapcXmVpj+ocz1+N4gm4M5ghejlD9\nSo9bL9W6Xaws+7oc/9vk7mDSrBUEaaoX0cmFGW+jAP/7Y+/Yuf2y+K2di/OzjiVT\nz9x2f52MkELaxjlgc9E6WIGxr2JhKSUqmBTw22rzCB6XjMf4Aj2zOSXM2sdXh4n1\nUDZz8ex6abdWYNlTSg4xxhNBpbT1qUS5sTHoQCJoLMeZZ+x8W5zm6YhjF8cje6Z6\nTjb+4VZbM5hhAt1RItcNWXNd60QipK8=\n-----END PRIVATE KEY-----\n",
            "public_key_fingerprint_md5": "07:da:43:0c:ca:2c:18:36:e7:53:99:2d:6d:c5:3b:05",
            "public_key_fingerprint_sha256": "SHA256:pg35+V7+7amCw8cAUe4vPR8aRbCcfvohTh8KLOH/HuU",
            "public_key_openssh": "ssh-rsa AAAAB3NzaC1yc2EAAAADAQABAAACAQDPbypg90U8pxnTS6pZD1bMgahpWLklCYk0E05oO0Kr9nXOTV0taEyPlQEFvTjuROxgeql/usJ6sDlt19D+jR1loRx1OJJkgUCMrtHupdzTDx8GWO1JjueKYx8X0Ges5PALsn1QyKTfKU7ZfMhzydwHdJy6uFq/PvE7gqllukbFlbxVfuDo3e3bLeewVtcE5n8f2ZaXR+SJetr33phSiIrwOv6YNeMzQE6ws2IS1vKoqzH78+9/WRr8G/ThVCsahe65Qa8dduzHIy6IyF+CJnYoYMQ56hxY06b5gX0mBtpuuOwe1If2Ybi1gXeZ8IRaVDN9Wu6dd14bOGihh7O1J+MY/EAgzy4MB/UVDSGBnGBrHmZFlJmLMYg9Ep6wnyG5l4jUDCoJTe8LD0sLYJMOTD3GLfSEeMFLcHc6ChM0M6ZJvtkko6O7ybgvxhnUFLwB25Uv06s5jfS+MKr/UivUOFTFAB94vAY/uYpOvQ/hHM3L7gkwLn+irbRCkUQ9y3yT6DpJtI3e4RprFspZXnSM0zsaaU0eYTMRm0BOq6s0Ym35dBTMiNtElJBc23uV2RwYtaWplh84AfGuvHbUGhBGaGDyPqqQ4cvWp8iwhngNTfGXAm6QTLKXmI9RBkz+Om+Csb2ljD1Ty0HutPK32R6Xx8ZradswdkY/A/iS4DsyIqLWvQ==\n",
            "public_key_pem": "-----BEGIN PUBLIC KEY-----\nMIICIjANBgkqhkiG9w0BAQEFAAOCAg8AMIICCgKCAgEAz28qYPdFPKcZ00uqWQ9W\nzIGoaVi5JQmJNBNOaDtCq/Z1zk1dLWhMj5UBBb047kTsYHqpf7rCerA5bdfQ/o0d\nZaEcdTiSZIFAjK7R7qXc0w8fBljtSY7nimMfF9BnrOTwC7J9UMik3ylO2XzIc8nc\nB3Scurhavz7xO4KpZbpGxZW8VX7g6N3t2y3nsFbXBOZ/H9mWl0fkiXra996YUoiK\n8Dr+mDXjM0BOsLNiEtbyqKsx+/Pvf1ka/Bv04VQrGoXuuUGvHXbsxyMuiMhfgiZ2\nKGDEOeocWNOm+YF9JgbabrjsHtSH9mG4tYF3mfCEWlQzfVrunXdeGzhooYeztSfj\nGPxAIM8uDAf1FQ0hgZxgax5mRZSZizGIPRKesJ8huZeI1AwqCU3vCw9LC2CTDkw9\nxi30hHjBS3B3OgoTNDOmSb7ZJKOju8m4L8YZ1BS8AduVL9OrOY30vjCq/1Ir1DhU\nxQAfeLwGP7mKTr0P4RzNy+4JMC5/oq20QpFEPct8k+g6SbSN3uEaaxbKWV50jNM7\nGmlNHmEzEZtATqurNGJt+XQUzIjbRJSQXNt7ldkcGLWlqZYfOAHxrrx21BoQRmhg\n8j6qkOHL1qfIsIZ4DU3xlwJukEyyl5iPUQZM/jpvgrG9pYw9U8tB7rTyt9kel8fG\na2nbMHZGPwP4kuA7MiKi1r0CAwEAAQ==\n-----END PUBLIC KEY-----\n",
            "rsa_bits": 4096
          },
          "sensitive_attributes": [],
          "dependencies": [
            "module.vpc.aws_cloudwatch_log_group.flow_log",
            "module.vpc.aws_customer_gateway.this",
            "module.vpc.aws_db_subnet_group.database",
            "module.vpc.aws_default_network_acl.this",
            "module.vpc.aws_default_route_table.default",
            "module.vpc.aws_default_security_group.this",
            "module.vpc.aws_default_vpc.this",
            "module.vpc.aws_egress_only_internet_gateway.this",
            "module.vpc.aws_eip.nat",
            "module.vpc.aws_elasticache_subnet_group.elasticache",
            "module.vpc.aws_flow_log.this",
            "module.vpc.aws_iam_policy.vpc_flow_log_cloudwatch",
            "module.vpc.aws_iam_role.vpc_flow_log_cloudwatch",
            "module.vpc.aws_iam_role_policy_attachment.vpc_flow_log_cloudwatch",
            "module.vpc.aws_internet_gateway.this",
            "module.vpc.aws_nat_gateway.this",
            "module.vpc.aws_network_acl.database",
            "module.vpc.aws_network_acl.elasticache",
            "module.vpc.aws_network_acl.intra",
            "module.vpc.aws_network_acl.outpost",
            "module.vpc.aws_network_acl.private",
            "module.vpc.aws_network_acl.public",
            "module.vpc.aws_network_acl.redshift",
            "module.vpc.aws_network_acl_rule.database_inbound",
            "module.vpc.aws_network_acl_rule.database_outbound",
            "module.vpc.aws_network_acl_rule.elasticache_inbound",
            "module.vpc.aws_network_acl_rule.elasticache_outbound",
            "module.vpc.aws_network_acl_rule.intra_inbound",
            "module.vpc.aws_network_acl_rule.intra_outbound",
            "module.vpc.aws_network_acl_rule.outpost_inbound",
            "module.vpc.aws_network_acl_rule.outpost_outbound",
            "module.vpc.aws_network_acl_rule.private_inbound",
            "module.vpc.aws_network_acl_rule.private_outbound",
            "module.vpc.aws_network_acl_rule.public_inbound",
            "module.vpc.aws_network_acl_rule.public_outbound",
            "module.vpc.aws_network_acl_rule.redshift_inbound",
            "module.vpc.aws_network_acl_rule.redshift_outbound",
            "module.vpc.aws_redshift_subnet_group.redshift",
            "module.vpc.aws_route.database_internet_gateway",
            "module.vpc.aws_route.database_ipv6_egress",
            "module.vpc.aws_route.database_nat_gateway",
            "module.vpc.aws_route.private_ipv6_egress",
            "module.vpc.aws_route.private_nat_gateway",
            "module.vpc.aws_route.public_internet_gateway",
            "module.vpc.aws_route.public_internet_gateway_ipv6",
            "module.vpc.aws_route_table.database",
            "module.vpc.aws_route_table.elasticache",
            "module.vpc.aws_route_table.intra",
            "module.vpc.aws_route_table.private",
            "module.vpc.aws_route_table.public",
            "module.vpc.aws_route_table.redshift",
            "module.vpc.aws_route_table_association.database",
            "module.vpc.aws_route_table_association.elasticache",
            "module.vpc.aws_route_table_association.intra",
            "module.vpc.aws_route_table_association.outpost",
            "module.vpc.aws_route_table_association.private",
            "module.vpc.aws_route_table_association.public",
            "module.vpc.aws_route_table_association.redshift",
            "module.vpc.aws_route_table_association.redshift_public",
            "module.vpc.aws_subnet.database",
            "module.vpc.aws_subnet.elasticache",
            "module.vpc.aws_subnet.intra",
            "module.vpc.aws_subnet.outpost",
            "module.vpc.aws_subnet.private",
            "module.vpc.aws_subnet.public",
            "module.vpc.aws_subnet.redshift",
            "module.vpc.aws_vpc.this",
            "module.vpc.aws_vpc_dhcp_options.this",
            "module.vpc.aws_vpc_dhcp_options_association.this",
            "module.vpc.aws_vpc_ipv4_cidr_block_association.this",
            "module.vpc.aws_vpn_gateway.this",
            "module.vpc.aws_vpn_gateway_attachment.this",
            "module.vpc.aws_vpn_gateway_route_propagation.intra",
            "module.vpc.aws_vpn_gateway_route_propagation.private",
            "module.vpc.aws_vpn_gateway_route_propagation.public",
            "module.vpc.data.aws_iam_policy_document.flow_log_cloudwatch_assume_role",
            "module.vpc.data.aws_iam_policy_document.vpc_flow_log_cloudwatch"
          ]
        }
      ]
    },
    {
      "module": "module.vpc",
      "mode": "managed",
      "type": "aws_eip",
      "name": "nat",
      "provider": "provider[\"registry.terraform.io/hashicorp/aws\"]",
      "instances": [
        {
          "index_key": 0,
          "schema_version": 0,
          "attributes": {
            "address": null,
            "allocation_id": "eipalloc-0af003b36d6d07175",
            "associate_with_private_ip": null,
            "association_id": "",
            "carrier_ip": "",
            "customer_owned_ip": "",
            "customer_owned_ipv4_pool": "",
            "domain": "vpc",
            "id": "eipalloc-0af003b36d6d07175",
            "instance": "",
            "network_border_group": "us-east-1",
            "network_interface": "",
            "private_dns": null,
            "private_ip": "",
            "public_dns": "ec2-54-163-191-2.compute-1.amazonaws.com",
            "public_ip": "54.163.191.2",
            "public_ipv4_pool": "amazon",
            "tags": {
              "Name": "VPC-us-east-1a"
            },
            "tags_all": {
              "Name": "VPC-us-east-1a"
            },
            "timeouts": null,
            "vpc": true
          },
          "sensitive_attributes": [],
          "private": "eyJlMmJmYjczMC1lY2FhLTExZTYtOGY4OC0zNDM2M2JjN2M0YzAiOnsiZGVsZXRlIjoxODAwMDAwMDAwMDAsInJlYWQiOjkwMDAwMDAwMDAwMCwidXBkYXRlIjozMDAwMDAwMDAwMDB9fQ=="
        }
      ]
    },
    {
      "module": "module.vpc",
      "mode": "managed",
      "type": "aws_internet_gateway",
      "name": "this",
      "provider": "provider[\"registry.terraform.io/hashicorp/aws\"]",
      "instances": [
        {
          "index_key": 0,
          "schema_version": 0,
          "attributes": {
            "arn": "arn:aws:ec2:us-east-1:165541912265:internet-gateway/igw-0865bbfb2f89ff5c2",
            "id": "igw-0865bbfb2f89ff5c2",
            "owner_id": "165541912265",
            "tags": {
              "Name": "VPC"
            },
            "tags_all": {
              "Name": "VPC"
            },
            "timeouts": null,
            "vpc_id": "vpc-03ced3260c7210963"
          },
          "sensitive_attributes": [],
          "private": "eyJlMmJmYjczMC1lY2FhLTExZTYtOGY4OC0zNDM2M2JjN2M0YzAiOnsiY3JlYXRlIjoxMjAwMDAwMDAwMDAwLCJkZWxldGUiOjEyMDAwMDAwMDAwMDAsInVwZGF0ZSI6MTIwMDAwMDAwMDAwMH19",
          "dependencies": [
            "module.vpc.aws_vpc.this",
            "module.vpc.aws_vpc_ipv4_cidr_block_association.this"
          ]
        }
      ]
    },
    {
      "module": "module.vpc",
      "mode": "managed",
      "type": "aws_nat_gateway",
      "name": "this",
      "provider": "provider[\"registry.terraform.io/hashicorp/aws\"]",
      "instances": [
        {
          "index_key": 0,
          "schema_version": 0,
          "attributes": {
            "allocation_id": "eipalloc-0af003b36d6d07175",
            "connectivity_type": "public",
            "id": "nat-0e96efb85541bc808",
            "network_interface_id": "eni-087a759e509ed412a",
            "private_ip": "172.23.4.29",
            "public_ip": "54.163.191.2",
            "subnet_id": "subnet-0b533b58f704e981d",
            "tags": {
              "Name": "caldera-test_natgateway"
            },
            "tags_all": {
              "Name": "caldera-test_natgateway"
            }
          },
          "sensitive_attributes": [],
          "private": "bnVsbA==",
          "dependencies": [
            "module.vpc.aws_eip.nat",
            "module.vpc.aws_internet_gateway.this",
            "module.vpc.aws_subnet.public",
            "module.vpc.aws_vpc.this",
            "module.vpc.aws_vpc_ipv4_cidr_block_association.this"
          ]
        }
      ]
    },
    {
      "module": "module.vpc",
      "mode": "managed",
      "type": "aws_route",
      "name": "private_nat_gateway",
      "provider": "provider[\"registry.terraform.io/hashicorp/aws\"]",
      "instances": [
        {
          "index_key": 0,
          "schema_version": 0,
          "attributes": {
            "carrier_gateway_id": "",
            "core_network_arn": "",
            "destination_cidr_block": "0.0.0.0/0",
            "destination_ipv6_cidr_block": "",
            "destination_prefix_list_id": "",
            "egress_only_gateway_id": "",
            "gateway_id": "",
            "id": "r-rtb-0aa6ed48534ea47bd1080289494",
            "instance_id": "",
            "instance_owner_id": "",
            "local_gateway_id": "",
            "nat_gateway_id": "nat-0e96efb85541bc808",
            "network_interface_id": "",
            "origin": "CreateRoute",
            "route_table_id": "rtb-0aa6ed48534ea47bd",
            "state": "active",
            "timeouts": {
              "create": "5m",
              "delete": null,
              "update": null
            },
            "transit_gateway_id": "",
            "vpc_endpoint_id": "",
            "vpc_peering_connection_id": ""
          },
          "sensitive_attributes": [],
          "private": "eyJlMmJmYjczMC1lY2FhLTExZTYtOGY4OC0zNDM2M2JjN2M0YzAiOnsiY3JlYXRlIjozMDAwMDAwMDAwMDAsImRlbGV0ZSI6MzAwMDAwMDAwMDAwLCJ1cGRhdGUiOjEyMDAwMDAwMDAwMH19",
          "dependencies": [
            "module.vpc.aws_eip.nat",
            "module.vpc.aws_internet_gateway.this",
            "module.vpc.aws_nat_gateway.this",
            "module.vpc.aws_route_table.private",
            "module.vpc.aws_subnet.public",
            "module.vpc.aws_vpc.this",
            "module.vpc.aws_vpc_ipv4_cidr_block_association.this"
          ]
        }
      ]
    },
    {
      "module": "module.vpc",
      "mode": "managed",
      "type": "aws_route",
      "name": "public_internet_gateway",
      "provider": "provider[\"registry.terraform.io/hashicorp/aws\"]",
      "instances": [
        {
          "index_key": 0,
          "schema_version": 0,
          "attributes": {
            "carrier_gateway_id": "",
            "core_network_arn": "",
            "destination_cidr_block": "0.0.0.0/0",
            "destination_ipv6_cidr_block": "",
            "destination_prefix_list_id": "",
            "egress_only_gateway_id": "",
            "gateway_id": "igw-0865bbfb2f89ff5c2",
            "id": "r-rtb-043251ec7f34263011080289494",
            "instance_id": "",
            "instance_owner_id": "",
            "local_gateway_id": "",
            "nat_gateway_id": "",
            "network_interface_id": "",
            "origin": "CreateRoute",
            "route_table_id": "rtb-043251ec7f3426301",
            "state": "active",
            "timeouts": {
              "create": "5m",
              "delete": null,
              "update": null
            },
            "transit_gateway_id": "",
            "vpc_endpoint_id": "",
            "vpc_peering_connection_id": ""
          },
          "sensitive_attributes": [],
          "private": "eyJlMmJmYjczMC1lY2FhLTExZTYtOGY4OC0zNDM2M2JjN2M0YzAiOnsiY3JlYXRlIjozMDAwMDAwMDAwMDAsImRlbGV0ZSI6MzAwMDAwMDAwMDAwLCJ1cGRhdGUiOjEyMDAwMDAwMDAwMH19",
          "dependencies": [
            "module.vpc.aws_internet_gateway.this",
            "module.vpc.aws_route_table.public",
            "module.vpc.aws_vpc.this",
            "module.vpc.aws_vpc_ipv4_cidr_block_association.this"
          ]
        }
      ]
    },
    {
      "module": "module.vpc",
      "mode": "managed",
      "type": "aws_route_table",
      "name": "private",
      "provider": "provider[\"registry.terraform.io/hashicorp/aws\"]",
      "instances": [
        {
          "index_key": 0,
          "schema_version": 0,
          "attributes": {
            "arn": "arn:aws:ec2:us-east-1:165541912265:route-table/rtb-0aa6ed48534ea47bd",
            "id": "rtb-0aa6ed48534ea47bd",
            "owner_id": "165541912265",
            "propagating_vgws": [],
            "route": [],
            "tags": {
              "Name": "VPC-private"
            },
            "tags_all": {
              "Name": "VPC-private"
            },
            "timeouts": null,
            "vpc_id": "vpc-03ced3260c7210963"
          },
          "sensitive_attributes": [],
          "private": "eyJlMmJmYjczMC1lY2FhLTExZTYtOGY4OC0zNDM2M2JjN2M0YzAiOnsiY3JlYXRlIjozMDAwMDAwMDAwMDAsImRlbGV0ZSI6MzAwMDAwMDAwMDAwLCJ1cGRhdGUiOjEyMDAwMDAwMDAwMH19",
          "dependencies": [
            "module.vpc.aws_vpc.this",
            "module.vpc.aws_vpc_ipv4_cidr_block_association.this"
          ]
        }
      ]
    },
    {
      "module": "module.vpc",
      "mode": "managed",
      "type": "aws_route_table",
      "name": "public",
      "provider": "provider[\"registry.terraform.io/hashicorp/aws\"]",
      "instances": [
        {
          "index_key": 0,
          "schema_version": 0,
          "attributes": {
            "arn": "arn:aws:ec2:us-east-1:165541912265:route-table/rtb-043251ec7f3426301",
            "id": "rtb-043251ec7f3426301",
            "owner_id": "165541912265",
            "propagating_vgws": [],
            "route": [],
            "tags": {
              "Name": "VPC-public"
            },
            "tags_all": {
              "Name": "VPC-public"
            },
            "timeouts": null,
            "vpc_id": "vpc-03ced3260c7210963"
          },
          "sensitive_attributes": [],
          "private": "eyJlMmJmYjczMC1lY2FhLTExZTYtOGY4OC0zNDM2M2JjN2M0YzAiOnsiY3JlYXRlIjozMDAwMDAwMDAwMDAsImRlbGV0ZSI6MzAwMDAwMDAwMDAwLCJ1cGRhdGUiOjEyMDAwMDAwMDAwMH19",
          "dependencies": [
            "module.vpc.aws_vpc.this",
            "module.vpc.aws_vpc_ipv4_cidr_block_association.this"
          ]
        }
      ]
    },
    {
      "module": "module.vpc",
      "mode": "managed",
      "type": "aws_route_table_association",
      "name": "private",
      "provider": "provider[\"registry.terraform.io/hashicorp/aws\"]",
      "instances": [
        {
          "index_key": 0,
          "schema_version": 0,
          "attributes": {
            "gateway_id": "",
            "id": "rtbassoc-051e2225895f16fee",
            "route_table_id": "rtb-0aa6ed48534ea47bd",
            "subnet_id": "subnet-01520446e8574d3a1"
          },
          "sensitive_attributes": [],
          "private": "bnVsbA==",
          "dependencies": [
            "module.vpc.aws_route_table.private",
            "module.vpc.aws_subnet.private",
            "module.vpc.aws_vpc.this",
            "module.vpc.aws_vpc_ipv4_cidr_block_association.this"
          ]
        },
        {
          "index_key": 1,
          "schema_version": 0,
          "attributes": {
            "gateway_id": "",
            "id": "rtbassoc-0d4b1ff5f909ee620",
            "route_table_id": "rtb-0aa6ed48534ea47bd",
            "subnet_id": "subnet-03d356027f1cef9be"
          },
          "sensitive_attributes": [],
          "private": "bnVsbA==",
          "dependencies": [
            "module.vpc.aws_route_table.private",
            "module.vpc.aws_subnet.private",
            "module.vpc.aws_vpc.this",
            "module.vpc.aws_vpc_ipv4_cidr_block_association.this"
          ]
        },
        {
          "index_key": 2,
          "schema_version": 0,
          "attributes": {
            "gateway_id": "",
            "id": "rtbassoc-090bb8b441feb8140",
            "route_table_id": "rtb-0aa6ed48534ea47bd",
            "subnet_id": "subnet-083fad9302e2505f4"
          },
          "sensitive_attributes": [],
          "private": "bnVsbA==",
          "dependencies": [
            "module.vpc.aws_route_table.private",
            "module.vpc.aws_subnet.private",
            "module.vpc.aws_vpc.this",
            "module.vpc.aws_vpc_ipv4_cidr_block_association.this"
          ]
        },
        {
          "index_key": 3,
          "schema_version": 0,
          "attributes": {
            "gateway_id": "",
            "id": "rtbassoc-03bcc4bbcab441e2e",
            "route_table_id": "rtb-0aa6ed48534ea47bd",
            "subnet_id": "subnet-0f78ade7515b7c8b2"
          },
          "sensitive_attributes": [],
          "private": "bnVsbA==",
          "dependencies": [
            "module.vpc.aws_route_table.private",
            "module.vpc.aws_subnet.private",
            "module.vpc.aws_vpc.this",
            "module.vpc.aws_vpc_ipv4_cidr_block_association.this"
          ]
        },
        {
          "index_key": 4,
          "schema_version": 0,
          "attributes": {
            "gateway_id": "",
            "id": "rtbassoc-01796ee738e8fdd5a",
            "route_table_id": "rtb-0aa6ed48534ea47bd",
            "subnet_id": "subnet-0ff2160318097b70f"
          },
          "sensitive_attributes": [],
          "private": "bnVsbA==",
          "dependencies": [
            "module.vpc.aws_route_table.private",
            "module.vpc.aws_subnet.private",
            "module.vpc.aws_vpc.this",
            "module.vpc.aws_vpc_ipv4_cidr_block_association.this"
          ]
        }
      ]
    },
    {
      "module": "module.vpc",
      "mode": "managed",
      "type": "aws_route_table_association",
      "name": "public",
      "provider": "provider[\"registry.terraform.io/hashicorp/aws\"]",
      "instances": [
        {
          "index_key": 0,
          "schema_version": 0,
          "attributes": {
            "gateway_id": "",
            "id": "rtbassoc-05b900f467445c437",
            "route_table_id": "rtb-043251ec7f3426301",
            "subnet_id": "subnet-0b533b58f704e981d"
          },
          "sensitive_attributes": [],
          "private": "bnVsbA==",
          "dependencies": [
            "module.vpc.aws_route_table.public",
            "module.vpc.aws_subnet.public",
            "module.vpc.aws_vpc.this",
            "module.vpc.aws_vpc_ipv4_cidr_block_association.this"
          ]
        },
        {
          "index_key": 1,
          "schema_version": 0,
          "attributes": {
            "gateway_id": "",
            "id": "rtbassoc-04c11a6d2315657d3",
            "route_table_id": "rtb-043251ec7f3426301",
            "subnet_id": "subnet-07fc23f885292864e"
          },
          "sensitive_attributes": [],
          "private": "bnVsbA==",
          "dependencies": [
            "module.vpc.aws_route_table.public",
            "module.vpc.aws_subnet.public",
            "module.vpc.aws_vpc.this",
            "module.vpc.aws_vpc_ipv4_cidr_block_association.this"
          ]
        },
        {
          "index_key": 2,
          "schema_version": 0,
          "attributes": {
            "gateway_id": "",
            "id": "rtbassoc-0afe7280e36b7acc1",
            "route_table_id": "rtb-043251ec7f3426301",
            "subnet_id": "subnet-04ad5c21a33e42d06"
          },
          "sensitive_attributes": [],
          "private": "bnVsbA==",
          "dependencies": [
            "module.vpc.aws_route_table.public",
            "module.vpc.aws_subnet.public",
            "module.vpc.aws_vpc.this",
            "module.vpc.aws_vpc_ipv4_cidr_block_association.this"
          ]
        },
        {
          "index_key": 3,
          "schema_version": 0,
          "attributes": {
            "gateway_id": "",
            "id": "rtbassoc-03306d76123bd1278",
            "route_table_id": "rtb-043251ec7f3426301",
            "subnet_id": "subnet-05de8e6bc7779be63"
          },
          "sensitive_attributes": [],
          "private": "bnVsbA==",
          "dependencies": [
            "module.vpc.aws_route_table.public",
            "module.vpc.aws_subnet.public",
            "module.vpc.aws_vpc.this",
            "module.vpc.aws_vpc_ipv4_cidr_block_association.this"
          ]
        },
        {
          "index_key": 4,
          "schema_version": 0,
          "attributes": {
            "gateway_id": "",
            "id": "rtbassoc-01b31213a4e8511da",
            "route_table_id": "rtb-043251ec7f3426301",
            "subnet_id": "subnet-04b24fe8fe14cc510"
          },
          "sensitive_attributes": [],
          "private": "bnVsbA==",
          "dependencies": [
            "module.vpc.aws_route_table.public",
            "module.vpc.aws_subnet.public",
            "module.vpc.aws_vpc.this",
            "module.vpc.aws_vpc_ipv4_cidr_block_association.this"
          ]
        }
      ]
    },
    {
      "module": "module.vpc",
      "mode": "managed",
      "type": "aws_subnet",
      "name": "private",
      "provider": "provider[\"registry.terraform.io/hashicorp/aws\"]",
      "instances": [
        {
          "index_key": 0,
          "schema_version": 1,
          "attributes": {
            "arn": "arn:aws:ec2:us-east-1:165541912265:subnet/subnet-01520446e8574d3a1",
            "assign_ipv6_address_on_creation": false,
            "availability_zone": "us-east-1a",
            "availability_zone_id": "use1-az6",
            "cidr_block": "172.23.0.0/22",
            "customer_owned_ipv4_pool": "",
            "enable_dns64": false,
            "enable_resource_name_dns_a_record_on_launch": false,
            "enable_resource_name_dns_aaaa_record_on_launch": false,
            "id": "subnet-01520446e8574d3a1",
            "ipv6_cidr_block": "",
            "ipv6_cidr_block_association_id": "",
            "ipv6_native": false,
            "map_customer_owned_ip_on_launch": false,
            "map_public_ip_on_launch": false,
            "outpost_arn": "",
            "owner_id": "165541912265",
            "private_dns_hostname_type_on_launch": "ip-name",
            "tags": {
              "Name": "caldera-test_private"
            },
            "tags_all": {
              "Name": "caldera-test_private"
            },
            "timeouts": null,
            "vpc_id": "vpc-03ced3260c7210963"
          },
          "sensitive_attributes": [],
          "private": "eyJlMmJmYjczMC1lY2FhLTExZTYtOGY4OC0zNDM2M2JjN2M0YzAiOnsiY3JlYXRlIjo2MDAwMDAwMDAwMDAsImRlbGV0ZSI6MTIwMDAwMDAwMDAwMH0sInNjaGVtYV92ZXJzaW9uIjoiMSJ9",
          "dependencies": [
            "module.vpc.aws_vpc.this",
            "module.vpc.aws_vpc_ipv4_cidr_block_association.this"
          ]
        },
        {
          "index_key": 1,
          "schema_version": 1,
          "attributes": {
            "arn": "arn:aws:ec2:us-east-1:165541912265:subnet/subnet-03d356027f1cef9be",
            "assign_ipv6_address_on_creation": false,
            "availability_zone": "us-east-1b",
            "availability_zone_id": "use1-az1",
            "cidr_block": "172.23.32.0/22",
            "customer_owned_ipv4_pool": "",
            "enable_dns64": false,
            "enable_resource_name_dns_a_record_on_launch": false,
            "enable_resource_name_dns_aaaa_record_on_launch": false,
            "id": "subnet-03d356027f1cef9be",
            "ipv6_cidr_block": "",
            "ipv6_cidr_block_association_id": "",
            "ipv6_native": false,
            "map_customer_owned_ip_on_launch": false,
            "map_public_ip_on_launch": false,
            "outpost_arn": "",
            "owner_id": "165541912265",
            "private_dns_hostname_type_on_launch": "ip-name",
            "tags": {
              "Name": "caldera-test_private"
            },
            "tags_all": {
              "Name": "caldera-test_private"
            },
            "timeouts": null,
            "vpc_id": "vpc-03ced3260c7210963"
          },
          "sensitive_attributes": [],
          "private": "eyJlMmJmYjczMC1lY2FhLTExZTYtOGY4OC0zNDM2M2JjN2M0YzAiOnsiY3JlYXRlIjo2MDAwMDAwMDAwMDAsImRlbGV0ZSI6MTIwMDAwMDAwMDAwMH0sInNjaGVtYV92ZXJzaW9uIjoiMSJ9",
          "dependencies": [
            "module.vpc.aws_vpc.this",
            "module.vpc.aws_vpc_ipv4_cidr_block_association.this"
          ]
        },
        {
          "index_key": 2,
          "schema_version": 1,
          "attributes": {
            "arn": "arn:aws:ec2:us-east-1:165541912265:subnet/subnet-083fad9302e2505f4",
            "assign_ipv6_address_on_creation": false,
            "availability_zone": "us-east-1c",
            "availability_zone_id": "use1-az2",
            "cidr_block": "172.23.64.0/22",
            "customer_owned_ipv4_pool": "",
            "enable_dns64": false,
            "enable_resource_name_dns_a_record_on_launch": false,
            "enable_resource_name_dns_aaaa_record_on_launch": false,
            "id": "subnet-083fad9302e2505f4",
            "ipv6_cidr_block": "",
            "ipv6_cidr_block_association_id": "",
            "ipv6_native": false,
            "map_customer_owned_ip_on_launch": false,
            "map_public_ip_on_launch": false,
            "outpost_arn": "",
            "owner_id": "165541912265",
            "private_dns_hostname_type_on_launch": "ip-name",
            "tags": {
              "Name": "caldera-test_private"
            },
            "tags_all": {
              "Name": "caldera-test_private"
            },
            "timeouts": null,
            "vpc_id": "vpc-03ced3260c7210963"
          },
          "sensitive_attributes": [],
          "private": "eyJlMmJmYjczMC1lY2FhLTExZTYtOGY4OC0zNDM2M2JjN2M0YzAiOnsiY3JlYXRlIjo2MDAwMDAwMDAwMDAsImRlbGV0ZSI6MTIwMDAwMDAwMDAwMH0sInNjaGVtYV92ZXJzaW9uIjoiMSJ9",
          "dependencies": [
            "module.vpc.aws_vpc.this",
            "module.vpc.aws_vpc_ipv4_cidr_block_association.this"
          ]
        },
        {
          "index_key": 3,
          "schema_version": 1,
          "attributes": {
            "arn": "arn:aws:ec2:us-east-1:165541912265:subnet/subnet-0f78ade7515b7c8b2",
            "assign_ipv6_address_on_creation": false,
            "availability_zone": "us-east-1d",
            "availability_zone_id": "use1-az4",
            "cidr_block": "172.23.96.0/22",
            "customer_owned_ipv4_pool": "",
            "enable_dns64": false,
            "enable_resource_name_dns_a_record_on_launch": false,
            "enable_resource_name_dns_aaaa_record_on_launch": false,
            "id": "subnet-0f78ade7515b7c8b2",
            "ipv6_cidr_block": "",
            "ipv6_cidr_block_association_id": "",
            "ipv6_native": false,
            "map_customer_owned_ip_on_launch": false,
            "map_public_ip_on_launch": false,
            "outpost_arn": "",
            "owner_id": "165541912265",
            "private_dns_hostname_type_on_launch": "ip-name",
            "tags": {
              "Name": "caldera-test_private"
            },
            "tags_all": {
              "Name": "caldera-test_private"
            },
            "timeouts": null,
            "vpc_id": "vpc-03ced3260c7210963"
          },
          "sensitive_attributes": [],
          "private": "eyJlMmJmYjczMC1lY2FhLTExZTYtOGY4OC0zNDM2M2JjN2M0YzAiOnsiY3JlYXRlIjo2MDAwMDAwMDAwMDAsImRlbGV0ZSI6MTIwMDAwMDAwMDAwMH0sInNjaGVtYV92ZXJzaW9uIjoiMSJ9",
          "dependencies": [
            "module.vpc.aws_vpc.this",
            "module.vpc.aws_vpc_ipv4_cidr_block_association.this"
          ]
        },
        {
          "index_key": 4,
          "schema_version": 1,
          "attributes": {
            "arn": "arn:aws:ec2:us-east-1:165541912265:subnet/subnet-0ff2160318097b70f",
            "assign_ipv6_address_on_creation": false,
            "availability_zone": "us-east-1f",
            "availability_zone_id": "use1-az5",
            "cidr_block": "172.23.160.0/22",
            "customer_owned_ipv4_pool": "",
            "enable_dns64": false,
            "enable_resource_name_dns_a_record_on_launch": false,
            "enable_resource_name_dns_aaaa_record_on_launch": false,
            "id": "subnet-0ff2160318097b70f",
            "ipv6_cidr_block": "",
            "ipv6_cidr_block_association_id": "",
            "ipv6_native": false,
            "map_customer_owned_ip_on_launch": false,
            "map_public_ip_on_launch": false,
            "outpost_arn": "",
            "owner_id": "165541912265",
            "private_dns_hostname_type_on_launch": "ip-name",
            "tags": {
              "Name": "caldera-test_private"
            },
            "tags_all": {
              "Name": "caldera-test_private"
            },
            "timeouts": null,
            "vpc_id": "vpc-03ced3260c7210963"
          },
          "sensitive_attributes": [],
          "private": "eyJlMmJmYjczMC1lY2FhLTExZTYtOGY4OC0zNDM2M2JjN2M0YzAiOnsiY3JlYXRlIjo2MDAwMDAwMDAwMDAsImRlbGV0ZSI6MTIwMDAwMDAwMDAwMH0sInNjaGVtYV92ZXJzaW9uIjoiMSJ9",
          "dependencies": [
            "module.vpc.aws_vpc.this",
            "module.vpc.aws_vpc_ipv4_cidr_block_association.this"
          ]
        }
      ]
    },
    {
      "module": "module.vpc",
      "mode": "managed",
      "type": "aws_subnet",
      "name": "public",
      "provider": "provider[\"registry.terraform.io/hashicorp/aws\"]",
      "instances": [
        {
          "index_key": 0,
          "schema_version": 1,
          "attributes": {
            "arn": "arn:aws:ec2:us-east-1:165541912265:subnet/subnet-0b533b58f704e981d",
            "assign_ipv6_address_on_creation": false,
            "availability_zone": "us-east-1a",
            "availability_zone_id": "use1-az6",
            "cidr_block": "172.23.4.0/22",
            "customer_owned_ipv4_pool": "",
            "enable_dns64": false,
            "enable_resource_name_dns_a_record_on_launch": false,
            "enable_resource_name_dns_aaaa_record_on_launch": false,
            "id": "subnet-0b533b58f704e981d",
            "ipv6_cidr_block": "",
            "ipv6_cidr_block_association_id": "",
            "ipv6_native": false,
            "map_customer_owned_ip_on_launch": false,
            "map_public_ip_on_launch": true,
            "outpost_arn": "",
            "owner_id": "165541912265",
            "private_dns_hostname_type_on_launch": "ip-name",
            "tags": {
              "Name": "caldera-test_public"
            },
            "tags_all": {
              "Name": "caldera-test_public"
            },
            "timeouts": null,
            "vpc_id": "vpc-03ced3260c7210963"
          },
          "sensitive_attributes": [],
          "private": "eyJlMmJmYjczMC1lY2FhLTExZTYtOGY4OC0zNDM2M2JjN2M0YzAiOnsiY3JlYXRlIjo2MDAwMDAwMDAwMDAsImRlbGV0ZSI6MTIwMDAwMDAwMDAwMH0sInNjaGVtYV92ZXJzaW9uIjoiMSJ9",
          "dependencies": [
            "module.vpc.aws_vpc.this",
            "module.vpc.aws_vpc_ipv4_cidr_block_association.this"
          ]
        },
        {
          "index_key": 1,
          "schema_version": 1,
          "attributes": {
            "arn": "arn:aws:ec2:us-east-1:165541912265:subnet/subnet-07fc23f885292864e",
            "assign_ipv6_address_on_creation": false,
            "availability_zone": "us-east-1b",
            "availability_zone_id": "use1-az1",
            "cidr_block": "172.23.36.0/22",
            "customer_owned_ipv4_pool": "",
            "enable_dns64": false,
            "enable_resource_name_dns_a_record_on_launch": false,
            "enable_resource_name_dns_aaaa_record_on_launch": false,
            "id": "subnet-07fc23f885292864e",
            "ipv6_cidr_block": "",
            "ipv6_cidr_block_association_id": "",
            "ipv6_native": false,
            "map_customer_owned_ip_on_launch": false,
            "map_public_ip_on_launch": true,
            "outpost_arn": "",
            "owner_id": "165541912265",
            "private_dns_hostname_type_on_launch": "ip-name",
            "tags": {
              "Name": "caldera-test_public"
            },
            "tags_all": {
              "Name": "caldera-test_public"
            },
            "timeouts": null,
            "vpc_id": "vpc-03ced3260c7210963"
          },
          "sensitive_attributes": [],
          "private": "eyJlMmJmYjczMC1lY2FhLTExZTYtOGY4OC0zNDM2M2JjN2M0YzAiOnsiY3JlYXRlIjo2MDAwMDAwMDAwMDAsImRlbGV0ZSI6MTIwMDAwMDAwMDAwMH0sInNjaGVtYV92ZXJzaW9uIjoiMSJ9",
          "dependencies": [
            "module.vpc.aws_vpc.this",
            "module.vpc.aws_vpc_ipv4_cidr_block_association.this"
          ]
        },
        {
          "index_key": 2,
          "schema_version": 1,
          "attributes": {
            "arn": "arn:aws:ec2:us-east-1:165541912265:subnet/subnet-04ad5c21a33e42d06",
            "assign_ipv6_address_on_creation": false,
            "availability_zone": "us-east-1c",
            "availability_zone_id": "use1-az2",
            "cidr_block": "172.23.68.0/22",
            "customer_owned_ipv4_pool": "",
            "enable_dns64": false,
            "enable_resource_name_dns_a_record_on_launch": false,
            "enable_resource_name_dns_aaaa_record_on_launch": false,
            "id": "subnet-04ad5c21a33e42d06",
            "ipv6_cidr_block": "",
            "ipv6_cidr_block_association_id": "",
            "ipv6_native": false,
            "map_customer_owned_ip_on_launch": false,
            "map_public_ip_on_launch": true,
            "outpost_arn": "",
            "owner_id": "165541912265",
            "private_dns_hostname_type_on_launch": "ip-name",
            "tags": {
              "Name": "caldera-test_public"
            },
            "tags_all": {
              "Name": "caldera-test_public"
            },
            "timeouts": null,
            "vpc_id": "vpc-03ced3260c7210963"
          },
          "sensitive_attributes": [],
          "private": "eyJlMmJmYjczMC1lY2FhLTExZTYtOGY4OC0zNDM2M2JjN2M0YzAiOnsiY3JlYXRlIjo2MDAwMDAwMDAwMDAsImRlbGV0ZSI6MTIwMDAwMDAwMDAwMH0sInNjaGVtYV92ZXJzaW9uIjoiMSJ9",
          "dependencies": [
            "module.vpc.aws_vpc.this",
            "module.vpc.aws_vpc_ipv4_cidr_block_association.this"
          ]
        },
        {
          "index_key": 3,
          "schema_version": 1,
          "attributes": {
            "arn": "arn:aws:ec2:us-east-1:165541912265:subnet/subnet-05de8e6bc7779be63",
            "assign_ipv6_address_on_creation": false,
            "availability_zone": "us-east-1d",
            "availability_zone_id": "use1-az4",
            "cidr_block": "172.23.100.0/22",
            "customer_owned_ipv4_pool": "",
            "enable_dns64": false,
            "enable_resource_name_dns_a_record_on_launch": false,
            "enable_resource_name_dns_aaaa_record_on_launch": false,
            "id": "subnet-05de8e6bc7779be63",
            "ipv6_cidr_block": "",
            "ipv6_cidr_block_association_id": "",
            "ipv6_native": false,
            "map_customer_owned_ip_on_launch": false,
            "map_public_ip_on_launch": true,
            "outpost_arn": "",
            "owner_id": "165541912265",
            "private_dns_hostname_type_on_launch": "ip-name",
            "tags": {
              "Name": "caldera-test_public"
            },
            "tags_all": {
              "Name": "caldera-test_public"
            },
            "timeouts": null,
            "vpc_id": "vpc-03ced3260c7210963"
          },
          "sensitive_attributes": [],
          "private": "eyJlMmJmYjczMC1lY2FhLTExZTYtOGY4OC0zNDM2M2JjN2M0YzAiOnsiY3JlYXRlIjo2MDAwMDAwMDAwMDAsImRlbGV0ZSI6MTIwMDAwMDAwMDAwMH0sInNjaGVtYV92ZXJzaW9uIjoiMSJ9",
          "dependencies": [
            "module.vpc.aws_vpc.this",
            "module.vpc.aws_vpc_ipv4_cidr_block_association.this"
          ]
        },
        {
          "index_key": 4,
          "schema_version": 1,
          "attributes": {
            "arn": "arn:aws:ec2:us-east-1:165541912265:subnet/subnet-04b24fe8fe14cc510",
            "assign_ipv6_address_on_creation": false,
            "availability_zone": "us-east-1f",
            "availability_zone_id": "use1-az5",
            "cidr_block": "172.23.164.0/22",
            "customer_owned_ipv4_pool": "",
            "enable_dns64": false,
            "enable_resource_name_dns_a_record_on_launch": false,
            "enable_resource_name_dns_aaaa_record_on_launch": false,
            "id": "subnet-04b24fe8fe14cc510",
            "ipv6_cidr_block": "",
            "ipv6_cidr_block_association_id": "",
            "ipv6_native": false,
            "map_customer_owned_ip_on_launch": false,
            "map_public_ip_on_launch": true,
            "outpost_arn": "",
            "owner_id": "165541912265",
            "private_dns_hostname_type_on_launch": "ip-name",
            "tags": {
              "Name": "caldera-test_public"
            },
            "tags_all": {
              "Name": "caldera-test_public"
            },
            "timeouts": null,
            "vpc_id": "vpc-03ced3260c7210963"
          },
          "sensitive_attributes": [],
          "private": "eyJlMmJmYjczMC1lY2FhLTExZTYtOGY4OC0zNDM2M2JjN2M0YzAiOnsiY3JlYXRlIjo2MDAwMDAwMDAwMDAsImRlbGV0ZSI6MTIwMDAwMDAwMDAwMH0sInNjaGVtYV92ZXJzaW9uIjoiMSJ9",
          "dependencies": [
            "module.vpc.aws_vpc.this",
            "module.vpc.aws_vpc_ipv4_cidr_block_association.this"
          ]
        }
      ]
    },
    {
      "module": "module.vpc",
      "mode": "managed",
      "type": "aws_vpc",
      "name": "this",
      "provider": "provider[\"registry.terraform.io/hashicorp/aws\"]",
      "instances": [
        {
          "index_key": 0,
          "schema_version": 1,
          "attributes": {
            "arn": "arn:aws:ec2:us-east-1:165541912265:vpc/vpc-03ced3260c7210963",
            "assign_generated_ipv6_cidr_block": false,
            "cidr_block": "172.23.0.0/16",
            "default_network_acl_id": "acl-029a8072027f94a8a",
            "default_route_table_id": "rtb-040626738eb368160",
            "default_security_group_id": "sg-02c7b89dcfc303b89",
            "dhcp_options_id": "dopt-08a637bad951155f4",
            "enable_classiclink": false,
            "enable_classiclink_dns_support": false,
            "enable_dns_hostnames": true,
            "enable_dns_support": true,
            "id": "vpc-03ced3260c7210963",
            "instance_tenancy": "default",
            "ipv4_ipam_pool_id": null,
            "ipv4_netmask_length": null,
            "ipv6_association_id": "",
            "ipv6_cidr_block": "",
            "ipv6_cidr_block_network_border_group": "",
            "ipv6_ipam_pool_id": "",
            "ipv6_netmask_length": 0,
            "main_route_table_id": "rtb-040626738eb368160",
            "owner_id": "165541912265",
            "tags": {
              "Name": "VPC"
            },
            "tags_all": {
              "Name": "VPC"
            }
          },
          "sensitive_attributes": [],
          "private": "eyJzY2hlbWFfdmVyc2lvbiI6IjEifQ=="
        }
      ]
    }
  ]
}
