{
  "version": 4,
  "terraform_version": "1.2.4",
  "serial": 33,
  "lineage": "cdae2d3f-88fb-3b68-259b-c2ad80a941a6",
  "outputs": {
    "rsa_private_key": {
      "value": "-----BEGIN RSA PRIVATE KEY-----\nMIIJKAIBAAKCAgEA4lg5Th03HwgZWoHMjf9zoKepc6/GX0NftMQYSuCD5yWduvDt\nfyJ0JqpmYBXyd6DIF66E2c3T4L4NkKGCe3tGiKND01fY4zWqr9seKmxBcDolVaW5\nogP/Ga/KI9PuOtfeh9NQklmgkkYlmYwcHKEop6MaVDRaf770L84s1L+boyT2BSFB\nd1aMo4ofexu8tYw5d/5Ixbvm9y+WF/Lp604C3MvirVHSzhV31Vk1dsE1i2ve+oPK\nHMusRs0EkGw16vFU7ZRhEAgIN1ttC8JplnVQXaUmYTQpiElXePU3QFpU3cgyM4Ef\nmS/WXtE7cVLRl0VN+JWQu8aqyVrAWKeHdsXBHAuSjYaQ7hAiZMDAhjW3kg2Gkj7d\nKXCjrzZpI/0hxg8LCNaGeLgzawzluB0Xt4hakoBNTJVVGA3HUiWG3rqeTnxyL+kH\ndzTnwedGLm9ry4zJTOhxkeeR+CGfWAQBDexkxFWlfXJGg/Xh1MDskyhhQnLj4U5P\nO1jgmBpbTGeIr7S8v9w73OFt3bY9Cb0u9dAlF9ox1qY+9t2UmJbApa0I2/jbeFu+\nT2x1KJzq4VBOMjttZKUNupvLxBH6y6pP1hkUalmdOtpjLKWQA5ppS1mYnC5dsUIR\n2LaKPkBGZH9CAbcKIKkKiLllxk/T4WR77DnuXQfLd4GDYkRgMDW5o+WYazECAwEA\nAQKCAgAF042OFDRyCQxWBxdT5Gp+jTJQdwrdMufIyG9zpfnfPlmkEUWbyzBAOoyu\nFoKKT8o2ydhDnwfANkQ1H+My+IZlSAab7xv3JU+CfVp2bxj0IZsKbFyt7fpoF91V\nNMRiIWJqDqd5TPNUMJgRLsked4uLXSh1WG+n8Ctq+5yt0UzZUz89/JAp2UF/iDOt\nQJaH+dcU3qfS5zZX0JLFhQw+cWCjfGAWZA/QHD9cb5JvvyN4tkskGbZfLWL+45Il\ngZOVu6abAwHIntxPSHwzHEsJg3WRI4osYGJdTr4AsBc/AdRDbT7VkpJUqCWVhT9J\neH9KrI8IQhlarA+DZWGkJpPXG9oPqVthqOSn/ZNkBD92Cu1gP1Quo07GUzbTj/G3\nkSlWxGAeokjMKGX2LaC/4542x9SbVdbhPg535goaFPVeODZeWUVpHOeh6YbUndE3\nNgt8GT19bFQRSweqzi6tx0UEFW4UsEJndZcsc6esRxLhIN8ltjI8I6MT/mIEs0wo\njMXQ9AgBmv/t6ZVxgM9hmrmuk66U36uTIfUiGHKZQk9rY2xOCfNfSwiCq4AenVt2\nNpmfRNGWy7TuzMY6b218CyQT6zYEG0SawHi4mPZMLvwPa+5r0lb3LrmC7KQDtosy\n8BwCvIbu7Hqpltm0cQGUK07sy0rZbShxI9xDV5F2wkQx5CsrPQKCAQEA69+KwcAN\nO24r/+QNb+Q6wSzKF8dBT94/GgrJlyv32QRt5UCQ2SrO8ixOBB3Zfb7sjT7OxnbK\ncKSP58zd4ZVimK9wooxzi2RMlbnN8x7QvXVR3mfjruhbpWkMGv2MTBxvd9kOGYkz\nic1taHQ8ekMpd5b+I8XAZwsPkBgjIHTflqyYQHgfw0x3B0zFtgQNqzj4wjoDwBQF\nFewoi5BseoUsQAMM7uDk69w4YGt8J0HszkRRmWvnS5fHqCZfCzcoVtdeGL81zisP\nLNq9GRJQw6DCW/w/ymjOJWh+eU15riHJPNS44W1xaj/PBebWFHr/drvzCKpUXbdE\naJTu4KLa5xxSJwKCAQEA9aiJobbLjQVRPV/XjoaHmV+0gLTX5IEIgFQbvph9rQOR\nn97NIj17imwYjYDc+PJFhXYflPG726f5xaAG+z2lE+bOGUxNsPz8u1e3PwpXHWOp\nbQ4jgh1rpRxafGSSZwxfb+shgBkdnMWoB2mWmqbi6DAn7YBHlWrXZsZLlVL7Y5H0\nd97qQsy2UBz3/FmZe7LT8Jjb7FlfGkFx4OY3P5yAyv4rBbSkA2/MDDres56TqW0d\nxlL9shOhuEvHbIux9sDeiLAwSNjOdWKzuLDnd32UNJglL1KZCSyfEQn94/NTjwxd\nZfNGHyauMJSzKeaBSpxglkqE+MqRhEOxqtWCYDOm5wKCAQEAh7bbU5d5BZTiZB2H\nTbX3yGZI8V2ISrgJfqZuTzjRJmDSCnIX5Zwn7ldnnB7AoQVVff+BYde/qwhEdI7/\nq2gUjt2C5UQCx1Uya4O46AX2/MugC2OjMWQoNwg2GuF/89r4l/CfmDnFGajFJrCa\ni45RMaoDF/oUNjW7AqGgtHAKpdswzwdO30QDyIN3zr6OTtI87yQKPF5IftCek47J\nm8U8LKiUrG1hygOvvGqbyMq5wgS1Hp1jO69dBXbugLl/0FeioIKEJtfHp3tECkTr\ni2PX8K021vNuiT+SZaEaPgLaktGifrJF62hDaZXj32zVyC9kKrw2RqXICpSGzWFm\nqks1SQKCAQA6zvsLzJ/UBabaI3yN8SS7Ec87VI+uczlex0PRD95eMdGFzSecf814\naMJD9cpwikccWRfcZzZKsl638cRaFvrS1dkW805SBW5XRvtmSwppzbb8lXropjRj\n1XLP/p+RrcOXHlnpuZl+M08zXxKfuT3uycB1OdVpLqecQfJMMA5gWsuEesfn7+vh\nJ94x+h0lIL1eBqn3XbnHpk0lwtcNEmE+tzQDbKgq7nORpfI0W80LrUSIesui+tIn\nNXTrRlH3OVrMrCkS91wNe/B8UVVIJLb7FEUqnAJo0NbPlG3ESTcCsroVMvThdjgT\nBzYQ3M6s1tzEfdhxWsUVPcNlmzFX6GWXAoIBAF9t8bQpyi/hGTlJiORwr5MnTOYl\nlxAXX7eEhESsjrBVzsC2wf4Gskwx1ID7EWDvz8gt7oZHGx3wdM12/3FNjqY+d57v\nvJdnKj4cGkxvd91dzmDwobYpZctDoQaPbIoKSLGA6KZE/xvsE4ivo/DgydR6Y6U6\nPbxZVU2Gn7oyHPThqT9KEd4exPHT9U1+cfw9LfuvZ29aRhJiHHN9SGOq+Q0HkA3J\n4Iqw1A4+Ni8BTfvzgHXkoOEPjwCfaBvdipbwNjATUbKHyF6iJ8EwLDpmFXO8RFEZ\nIdmYjqCT81r+AocWliQXQWBlEXaTelV45+u9f+JITA+TrFTHaLHQXEKKE5U=\n-----END RSA PRIVATE KEY-----\n",
      "type": "string"
    }
  },
  "resources": [
    {
      "mode": "managed",
      "type": "aws_instance",
      "name": "caldera_server",
      "provider": "provider[\"registry.terraform.io/hashicorp/aws\"]",
      "instances": [
        {
          "status": "tainted",
          "schema_version": 1,
          "attributes": {
            "ami": "ami-09d56f8956ab235b3",
            "arn": null,
            "associate_public_ip_address": true,
            "availability_zone": null,
            "capacity_reservation_specification": null,
            "cpu_core_count": null,
            "cpu_threads_per_core": null,
            "credit_specification": [],
            "disable_api_stop": null,
            "disable_api_termination": null,
            "ebs_block_device": [],
            "ebs_optimized": null,
            "enclave_options": null,
            "ephemeral_block_device": [],
            "get_password_data": false,
            "hibernation": null,
            "host_id": null,
            "iam_instance_profile": null,
            "id": "i-0d3f192f6d86a92e6",
            "instance_initiated_shutdown_behavior": null,
            "instance_state": null,
            "instance_type": "t3.medium",
            "ipv6_address_count": null,
            "ipv6_addresses": null,
            "key_name": "caldera-nodes",
            "launch_template": [],
            "maintenance_options": null,
            "metadata_options": null,
            "monitoring": null,
            "network_interface": [],
            "outpost_arn": null,
            "password_data": null,
            "placement_group": null,
            "placement_partition_number": null,
            "primary_network_interface_id": null,
            "private_dns": null,
            "private_dns_name_options": null,
            "private_ip": "172.23.4.95",
            "public_dns": null,
            "public_ip": null,
            "root_block_device": null,
            "secondary_private_ips": [],
            "security_groups": [],
            "source_dest_check": true,
            "subnet_id": "subnet-05c28db6f1f25b567",
            "tags": {
              "Name": "caldera_server",
              "environment": "caldera-test"
            },
            "tags_all": {
              "Name": "caldera_server",
              "environment": "caldera-test"
            },
            "tenancy": null,
            "timeouts": null,
            "user_data": null,
            "user_data_base64": null,
            "user_data_replace_on_change": false,
            "volume_tags": null,
            "vpc_security_group_ids": [
              "sg-019e64fba0125c68d"
            ]
          },
          "sensitive_attributes": [],
          "private": "eyJlMmJmYjczMC1lY2FhLTExZTYtOGY4OC0zNDM2M2JjN2M0YzAiOnsiY3JlYXRlIjo2MDAwMDAwMDAwMDAsImRlbGV0ZSI6MTIwMDAwMDAwMDAwMCwidXBkYXRlIjo2MDAwMDAwMDAwMDB9LCJzY2hlbWFfdmVyc2lvbiI6IjEifQ==",
          "dependencies": [
            "aws_security_group.sg_caldera_server",
            "module.aws_rsa_key.aws_key_pair.worker",
            "module.aws_rsa_key.local_file.ssh_local",
            "module.aws_rsa_key.tls_private_key.ssh_key",
            "module.vpc.aws_cloudwatch_log_group.flow_log",
            "module.vpc.aws_customer_gateway.this",
            "module.vpc.aws_db_subnet_group.database",
            "module.vpc.aws_default_network_acl.this",
            "module.vpc.aws_default_route_table.default",
            "module.vpc.aws_default_security_group.this",
            "module.vpc.aws_default_vpc.this",
            "module.vpc.aws_egress_only_internet_gateway.this",
            "module.vpc.aws_eip.nat",
            "module.vpc.aws_elasticache_subnet_group.elasticache",
            "module.vpc.aws_flow_log.this",
            "module.vpc.aws_iam_policy.vpc_flow_log_cloudwatch",
            "module.vpc.aws_iam_role.vpc_flow_log_cloudwatch",
            "module.vpc.aws_iam_role_policy_attachment.vpc_flow_log_cloudwatch",
            "module.vpc.aws_internet_gateway.this",
            "module.vpc.aws_nat_gateway.this",
            "module.vpc.aws_network_acl.database",
            "module.vpc.aws_network_acl.elasticache",
            "module.vpc.aws_network_acl.intra",
            "module.vpc.aws_network_acl.outpost",
            "module.vpc.aws_network_acl.private",
            "module.vpc.aws_network_acl.public",
            "module.vpc.aws_network_acl.redshift",
            "module.vpc.aws_network_acl_rule.database_inbound",
            "module.vpc.aws_network_acl_rule.database_outbound",
            "module.vpc.aws_network_acl_rule.elasticache_inbound",
            "module.vpc.aws_network_acl_rule.elasticache_outbound",
            "module.vpc.aws_network_acl_rule.intra_inbound",
            "module.vpc.aws_network_acl_rule.intra_outbound",
            "module.vpc.aws_network_acl_rule.outpost_inbound",
            "module.vpc.aws_network_acl_rule.outpost_outbound",
            "module.vpc.aws_network_acl_rule.private_inbound",
            "module.vpc.aws_network_acl_rule.private_outbound",
            "module.vpc.aws_network_acl_rule.public_inbound",
            "module.vpc.aws_network_acl_rule.public_outbound",
            "module.vpc.aws_network_acl_rule.redshift_inbound",
            "module.vpc.aws_network_acl_rule.redshift_outbound",
            "module.vpc.aws_redshift_subnet_group.redshift",
            "module.vpc.aws_route.database_internet_gateway",
            "module.vpc.aws_route.database_ipv6_egress",
            "module.vpc.aws_route.database_nat_gateway",
            "module.vpc.aws_route.private_ipv6_egress",
            "module.vpc.aws_route.private_nat_gateway",
            "module.vpc.aws_route.public_internet_gateway",
            "module.vpc.aws_route.public_internet_gateway_ipv6",
            "module.vpc.aws_route_table.database",
            "module.vpc.aws_route_table.elasticache",
            "module.vpc.aws_route_table.intra",
            "module.vpc.aws_route_table.private",
            "module.vpc.aws_route_table.public",
            "module.vpc.aws_route_table.redshift",
            "module.vpc.aws_route_table_association.database",
            "module.vpc.aws_route_table_association.elasticache",
            "module.vpc.aws_route_table_association.intra",
            "module.vpc.aws_route_table_association.outpost",
            "module.vpc.aws_route_table_association.private",
            "module.vpc.aws_route_table_association.public",
            "module.vpc.aws_route_table_association.redshift",
            "module.vpc.aws_route_table_association.redshift_public",
            "module.vpc.aws_subnet.database",
            "module.vpc.aws_subnet.elasticache",
            "module.vpc.aws_subnet.intra",
            "module.vpc.aws_subnet.outpost",
            "module.vpc.aws_subnet.private",
            "module.vpc.aws_subnet.public",
            "module.vpc.aws_subnet.redshift",
            "module.vpc.aws_vpc.this",
            "module.vpc.aws_vpc_dhcp_options.this",
            "module.vpc.aws_vpc_dhcp_options_association.this",
            "module.vpc.aws_vpc_ipv4_cidr_block_association.this",
            "module.vpc.aws_vpn_gateway.this",
            "module.vpc.aws_vpn_gateway_attachment.this",
            "module.vpc.aws_vpn_gateway_route_propagation.intra",
            "module.vpc.aws_vpn_gateway_route_propagation.private",
            "module.vpc.aws_vpn_gateway_route_propagation.public",
            "module.vpc.data.aws_iam_policy_document.flow_log_cloudwatch_assume_role",
            "module.vpc.data.aws_iam_policy_document.vpc_flow_log_cloudwatch"
          ]
        }
      ]
    },
    {
      "mode": "managed",
      "type": "aws_security_group",
      "name": "sg_caldera_server",
      "provider": "provider[\"registry.terraform.io/hashicorp/aws\"]",
      "instances": [
        {
          "schema_version": 1,
          "attributes": {
            "arn": "arn:aws:ec2:us-east-1:732230631636:security-group/sg-019e64fba0125c68d",
            "description": "Allow ports for caldera server",
            "egress": [
              {
                "cidr_blocks": [
                  "0.0.0.0/0"
                ],
                "description": "",
                "from_port": 0,
                "ipv6_cidr_blocks": [],
                "prefix_list_ids": [],
                "protocol": "-1",
                "security_groups": [],
                "self": false,
                "to_port": 0
              }
            ],
            "id": "sg-019e64fba0125c68d",
            "ingress": [
              {
                "cidr_blocks": [
                  "0.0.0.0/0"
                ],
                "description": "Caldera server port",
                "from_port": 2288,
                "ipv6_cidr_blocks": [],
                "prefix_list_ids": [],
                "protocol": "tcp",
                "security_groups": [],
                "self": false,
                "to_port": 2288
              },
              {
                "cidr_blocks": [
                  "0.0.0.0/0"
                ],
                "description": "SSH from VPC",
                "from_port": 22,
                "ipv6_cidr_blocks": [],
                "prefix_list_ids": [],
                "protocol": "tcp",
                "security_groups": [],
                "self": false,
                "to_port": 22
              }
            ],
            "name": "sg_caldera_server",
            "name_prefix": "",
            "owner_id": "732230631636",
            "revoke_rules_on_delete": false,
            "tags": {
              "environment": "caldera-test"
            },
            "tags_all": {
              "environment": "caldera-test"
            },
            "timeouts": null,
            "vpc_id": "vpc-0a1c254202efa6370"
          },
          "sensitive_attributes": [],
          "private": "eyJlMmJmYjczMC1lY2FhLTExZTYtOGY4OC0zNDM2M2JjN2M0YzAiOnsiY3JlYXRlIjo2MDAwMDAwMDAwMDAsImRlbGV0ZSI6OTAwMDAwMDAwMDAwfSwic2NoZW1hX3ZlcnNpb24iOiIxIn0=",
          "dependencies": [
            "module.vpc.aws_vpc.this"
          ]
        }
      ]
    },
    {
      "module": "module.aws_rsa_key",
      "mode": "managed",
      "type": "aws_key_pair",
      "name": "worker",
      "provider": "provider[\"registry.terraform.io/hashicorp/aws\"]",
      "instances": [
        {
          "schema_version": 1,
          "attributes": {
            "arn": "arn:aws:ec2:us-east-1:732230631636:key-pair/caldera-nodes",
            "fingerprint": "2c:87:ba:49:9b:5d:82:01:dd:4f:5c:ed:0f:ae:2d:eb",
            "id": "caldera-nodes",
            "key_name": "caldera-nodes",
            "key_name_prefix": "",
            "key_pair_id": "key-015e95040b8e2af13",
            "key_type": "rsa",
            "public_key": "ssh-rsa AAAAB3NzaC1yc2EAAAADAQABAAACAQDiWDlOHTcfCBlagcyN/3Ogp6lzr8ZfQ1+0xBhK4IPnJZ268O1/InQmqmZgFfJ3oMgXroTZzdPgvg2QoYJ7e0aIo0PTV9jjNaqv2x4qbEFwOiVVpbmiA/8Zr8oj0+46196H01CSWaCSRiWZjBwcoSinoxpUNFp/vvQvzizUv5ujJPYFIUF3Voyjih97G7y1jDl3/kjFu+b3L5YX8unrTgLcy+KtUdLOFXfVWTV2wTWLa976g8ocy6xGzQSQbDXq8VTtlGEQCAg3W20LwmmWdVBdpSZhNCmISVd49TdAWlTdyDIzgR+ZL9Ze0TtxUtGXRU34lZC7xqrJWsBYp4d2xcEcC5KNhpDuECJkwMCGNbeSDYaSPt0pcKOvNmkj/SHGDwsI1oZ4uDNrDOW4HRe3iFqSgE1MlVUYDcdSJYbeup5OfHIv6Qd3NOfB50Yub2vLjMlM6HGR55H4IZ9YBAEN7GTEVaV9ckaD9eHUwOyTKGFCcuPhTk87WOCYGltMZ4ivtLy/3Dvc4W3dtj0JvS710CUX2jHWpj723ZSYlsClrQjb+Nt4W75PbHUonOrhUE4yO21kpQ26m8vEEfrLqk/WGRRqWZ062mMspZADmmlLWZicLl2xQhHYtoo+QEZkf0IBtwogqQqIuWXGT9PhZHvsOe5dB8t3gYNiRGAwNbmj5ZhrMQ==",
            "tags": null,
            "tags_all": {}
          },
          "sensitive_attributes": [],
          "private": "eyJzY2hlbWFfdmVyc2lvbiI6IjEifQ==",
          "dependencies": [
            "module.aws_rsa_key.tls_private_key.ssh_key",
            "module.vpc.aws_cloudwatch_log_group.flow_log",
            "module.vpc.aws_customer_gateway.this",
            "module.vpc.aws_db_subnet_group.database",
            "module.vpc.aws_default_network_acl.this",
            "module.vpc.aws_default_route_table.default",
            "module.vpc.aws_default_security_group.this",
            "module.vpc.aws_default_vpc.this",
            "module.vpc.aws_egress_only_internet_gateway.this",
            "module.vpc.aws_eip.nat",
            "module.vpc.aws_elasticache_subnet_group.elasticache",
            "module.vpc.aws_flow_log.this",
            "module.vpc.aws_iam_policy.vpc_flow_log_cloudwatch",
            "module.vpc.aws_iam_role.vpc_flow_log_cloudwatch",
            "module.vpc.aws_iam_role_policy_attachment.vpc_flow_log_cloudwatch",
            "module.vpc.aws_internet_gateway.this",
            "module.vpc.aws_nat_gateway.this",
            "module.vpc.aws_network_acl.database",
            "module.vpc.aws_network_acl.elasticache",
            "module.vpc.aws_network_acl.intra",
            "module.vpc.aws_network_acl.outpost",
            "module.vpc.aws_network_acl.private",
            "module.vpc.aws_network_acl.public",
            "module.vpc.aws_network_acl.redshift",
            "module.vpc.aws_network_acl_rule.database_inbound",
            "module.vpc.aws_network_acl_rule.database_outbound",
            "module.vpc.aws_network_acl_rule.elasticache_inbound",
            "module.vpc.aws_network_acl_rule.elasticache_outbound",
            "module.vpc.aws_network_acl_rule.intra_inbound",
            "module.vpc.aws_network_acl_rule.intra_outbound",
            "module.vpc.aws_network_acl_rule.outpost_inbound",
            "module.vpc.aws_network_acl_rule.outpost_outbound",
            "module.vpc.aws_network_acl_rule.private_inbound",
            "module.vpc.aws_network_acl_rule.private_outbound",
            "module.vpc.aws_network_acl_rule.public_inbound",
            "module.vpc.aws_network_acl_rule.public_outbound",
            "module.vpc.aws_network_acl_rule.redshift_inbound",
            "module.vpc.aws_network_acl_rule.redshift_outbound",
            "module.vpc.aws_redshift_subnet_group.redshift",
            "module.vpc.aws_route.database_internet_gateway",
            "module.vpc.aws_route.database_ipv6_egress",
            "module.vpc.aws_route.database_nat_gateway",
            "module.vpc.aws_route.private_ipv6_egress",
            "module.vpc.aws_route.private_nat_gateway",
            "module.vpc.aws_route.public_internet_gateway",
            "module.vpc.aws_route.public_internet_gateway_ipv6",
            "module.vpc.aws_route_table.database",
            "module.vpc.aws_route_table.elasticache",
            "module.vpc.aws_route_table.intra",
            "module.vpc.aws_route_table.private",
            "module.vpc.aws_route_table.public",
            "module.vpc.aws_route_table.redshift",
            "module.vpc.aws_route_table_association.database",
            "module.vpc.aws_route_table_association.elasticache",
            "module.vpc.aws_route_table_association.intra",
            "module.vpc.aws_route_table_association.outpost",
            "module.vpc.aws_route_table_association.private",
            "module.vpc.aws_route_table_association.public",
            "module.vpc.aws_route_table_association.redshift",
            "module.vpc.aws_route_table_association.redshift_public",
            "module.vpc.aws_subnet.database",
            "module.vpc.aws_subnet.elasticache",
            "module.vpc.aws_subnet.intra",
            "module.vpc.aws_subnet.outpost",
            "module.vpc.aws_subnet.private",
            "module.vpc.aws_subnet.public",
            "module.vpc.aws_subnet.redshift",
            "module.vpc.aws_vpc.this",
            "module.vpc.aws_vpc_dhcp_options.this",
            "module.vpc.aws_vpc_dhcp_options_association.this",
            "module.vpc.aws_vpc_ipv4_cidr_block_association.this",
            "module.vpc.aws_vpn_gateway.this",
            "module.vpc.aws_vpn_gateway_attachment.this",
            "module.vpc.aws_vpn_gateway_route_propagation.intra",
            "module.vpc.aws_vpn_gateway_route_propagation.private",
            "module.vpc.aws_vpn_gateway_route_propagation.public",
            "module.vpc.data.aws_iam_policy_document.flow_log_cloudwatch_assume_role",
            "module.vpc.data.aws_iam_policy_document.vpc_flow_log_cloudwatch"
          ]
        }
      ]
    },
    {
      "module": "module.aws_rsa_key",
      "mode": "managed",
      "type": "tls_private_key",
      "name": "ssh_key",
      "provider": "provider[\"registry.terraform.io/hashicorp/tls\"]",
      "instances": [
        {
          "schema_version": 1,
          "attributes": {
            "algorithm": "RSA",
            "ecdsa_curve": "P224",
            "id": "8ae54738e734aa87d475a9490233d039d5095594",
            "private_key_openssh": "-----BEGIN OPENSSH PRIVATE KEY-----\nb3BlbnNzaC1rZXktdjEAAAAABG5vbmUAAAAEbm9uZQAAAAAAAAABAAACFwAAAAdz\nc2gtcnNhAAAAAwEAAQAAAgEA4lg5Th03HwgZWoHMjf9zoKepc6/GX0NftMQYSuCD\n5yWduvDtfyJ0JqpmYBXyd6DIF66E2c3T4L4NkKGCe3tGiKND01fY4zWqr9seKmxB\ncDolVaW5ogP/Ga/KI9PuOtfeh9NQklmgkkYlmYwcHKEop6MaVDRaf770L84s1L+b\noyT2BSFBd1aMo4ofexu8tYw5d/5Ixbvm9y+WF/Lp604C3MvirVHSzhV31Vk1dsE1\ni2ve+oPKHMusRs0EkGw16vFU7ZRhEAgIN1ttC8JplnVQXaUmYTQpiElXePU3QFpU\n3cgyM4EfmS/WXtE7cVLRl0VN+JWQu8aqyVrAWKeHdsXBHAuSjYaQ7hAiZMDAhjW3\nkg2Gkj7dKXCjrzZpI/0hxg8LCNaGeLgzawzluB0Xt4hakoBNTJVVGA3HUiWG3rqe\nTnxyL+kHdzTnwedGLm9ry4zJTOhxkeeR+CGfWAQBDexkxFWlfXJGg/Xh1MDskyhh\nQnLj4U5PO1jgmBpbTGeIr7S8v9w73OFt3bY9Cb0u9dAlF9ox1qY+9t2UmJbApa0I\n2/jbeFu+T2x1KJzq4VBOMjttZKUNupvLxBH6y6pP1hkUalmdOtpjLKWQA5ppS1mY\nnC5dsUIR2LaKPkBGZH9CAbcKIKkKiLllxk/T4WR77DnuXQfLd4GDYkRgMDW5o+WY\nazEAAAc4EopDARKKQwEAAAAHc3NoLXJzYQAAAgEA4lg5Th03HwgZWoHMjf9zoKep\nc6/GX0NftMQYSuCD5yWduvDtfyJ0JqpmYBXyd6DIF66E2c3T4L4NkKGCe3tGiKND\n01fY4zWqr9seKmxBcDolVaW5ogP/Ga/KI9PuOtfeh9NQklmgkkYlmYwcHKEop6Ma\nVDRaf770L84s1L+boyT2BSFBd1aMo4ofexu8tYw5d/5Ixbvm9y+WF/Lp604C3Mvi\nrVHSzhV31Vk1dsE1i2ve+oPKHMusRs0EkGw16vFU7ZRhEAgIN1ttC8JplnVQXaUm\nYTQpiElXePU3QFpU3cgyM4EfmS/WXtE7cVLRl0VN+JWQu8aqyVrAWKeHdsXBHAuS\njYaQ7hAiZMDAhjW3kg2Gkj7dKXCjrzZpI/0hxg8LCNaGeLgzawzluB0Xt4hakoBN\nTJVVGA3HUiWG3rqeTnxyL+kHdzTnwedGLm9ry4zJTOhxkeeR+CGfWAQBDexkxFWl\nfXJGg/Xh1MDskyhhQnLj4U5PO1jgmBpbTGeIr7S8v9w73OFt3bY9Cb0u9dAlF9ox\n1qY+9t2UmJbApa0I2/jbeFu+T2x1KJzq4VBOMjttZKUNupvLxBH6y6pP1hkUalmd\nOtpjLKWQA5ppS1mYnC5dsUIR2LaKPkBGZH9CAbcKIKkKiLllxk/T4WR77DnuXQfL\nd4GDYkRgMDW5o+WYazEAAAADAQABAAACAAXTjY4UNHIJDFYHF1Pkan6NMlB3Ct0y\n58jIb3Ol+d8+WaQRRZvLMEA6jK4WgopPyjbJ2EOfB8A2RDUf4zL4hmVIBpvvG/cl\nT4J9WnZvGPQhmwpsXK3t+mgX3VU0xGIhYmoOp3lM81QwmBEuyR53i4tdKHVYb6fw\nK2r7nK3RTNlTPz38kCnZQX+IM61Alof51xTep9LnNlfQksWFDD5xYKN8YBZkD9Ac\nP1xvkm+/I3i2SyQZtl8tYv7jkiWBk5W7ppsDAcie3E9IfDMcSwmDdZEjiixgYl1O\nvgCwFz8B1ENtPtWSklSoJZWFP0l4f0qsjwhCGVqsD4NlYaQmk9cb2g+pW2Go5Kf9\nk2QEP3YK7WA/VC6jTsZTNtOP8beRKVbEYB6iSMwoZfYtoL/jnjbH1JtV1uE+Dnfm\nChoU9V44Nl5ZRWkc56HphtSd0Tc2C3wZPX1sVBFLB6rOLq3HRQQVbhSwQmd1lyxz\np6xHEuEg3yW2MjwjoxP+YgSzTCiMxdD0CAGa/+3plXGAz2Gaua6TrpTfq5Mh9SIY\ncplCT2tjbE4J819LCIKrgB6dW3Y2mZ9E0ZbLtO7MxjpvbXwLJBPrNgQbRJrAeLiY\n9kwu/A9r7mvSVvcuuYLspAO2izLwHAK8hu7seqmW2bRxAZQrTuzLStltKHEj3ENX\nkXbCRDHkKys9AAABAF9t8bQpyi/hGTlJiORwr5MnTOYllxAXX7eEhESsjrBVzsC2\nwf4Gskwx1ID7EWDvz8gt7oZHGx3wdM12/3FNjqY+d57vvJdnKj4cGkxvd91dzmDw\nobYpZctDoQaPbIoKSLGA6KZE/xvsE4ivo/DgydR6Y6U6PbxZVU2Gn7oyHPThqT9K\nEd4exPHT9U1+cfw9LfuvZ29aRhJiHHN9SGOq+Q0HkA3J4Iqw1A4+Ni8BTfvzgHXk\noOEPjwCfaBvdipbwNjATUbKHyF6iJ8EwLDpmFXO8RFEZIdmYjqCT81r+AocWliQX\nQWBlEXaTelV45+u9f+JITA+TrFTHaLHQXEKKE5UAAAEBAOvfisHADTtuK//kDW/k\nOsEsyhfHQU/ePxoKyZcr99kEbeVAkNkqzvIsTgQd2X2+7I0+zsZ2ynCkj+fM3eGV\nYpivcKKMc4tkTJW5zfMe0L11Ud5n467oW6VpDBr9jEwcb3fZDhmJM4nNbWh0PHpD\nKXeW/iPFwGcLD5AYIyB035asmEB4H8NMdwdMxbYEDas4+MI6A8AUBRXsKIuQbHqF\nLEADDO7g5OvcOGBrfCdB7M5EUZlr50uXx6gmXws3KFbXXhi/Nc4rDyzavRkSUMOg\nwlv8P8poziVofnlNea4hyTzUuOFtcWo/zwXm1hR6/3a78wiqVF23RGiU7uCi2ucc\nUicAAAEBAPWoiaG2y40FUT1f146Gh5lftIC01+SBCIBUG76Yfa0DkZ/ezSI9e4ps\nGI2A3PjyRYV2H5Txu9un+cWgBvs9pRPmzhlMTbD8/LtXtz8KVx1jqW0OI4Ida6Uc\nWnxkkmcMX2/rIYAZHZzFqAdplpqm4ugwJ+2AR5Vq12bGS5VS+2OR9Hfe6kLMtlAc\n9/xZmXuy0/CY2+xZXxpBceDmNz+cgMr+KwW0pANvzAw63rOek6ltHcZS/bITobhL\nx2yLsfbA3oiwMEjYznVis7iw53d9lDSYJS9SmQksnxEJ/ePzU48MXWXzRh8mrjCU\nsynmgUqcYJZKhPjKkYRDsarVgmAzpucAAAAAAQID\n-----END OPENSSH PRIVATE KEY-----\n",
            "private_key_pem": "-----BEGIN RSA PRIVATE KEY-----\nMIIJKAIBAAKCAgEA4lg5Th03HwgZWoHMjf9zoKepc6/GX0NftMQYSuCD5yWduvDt\nfyJ0JqpmYBXyd6DIF66E2c3T4L4NkKGCe3tGiKND01fY4zWqr9seKmxBcDolVaW5\nogP/Ga/KI9PuOtfeh9NQklmgkkYlmYwcHKEop6MaVDRaf770L84s1L+boyT2BSFB\nd1aMo4ofexu8tYw5d/5Ixbvm9y+WF/Lp604C3MvirVHSzhV31Vk1dsE1i2ve+oPK\nHMusRs0EkGw16vFU7ZRhEAgIN1ttC8JplnVQXaUmYTQpiElXePU3QFpU3cgyM4Ef\nmS/WXtE7cVLRl0VN+JWQu8aqyVrAWKeHdsXBHAuSjYaQ7hAiZMDAhjW3kg2Gkj7d\nKXCjrzZpI/0hxg8LCNaGeLgzawzluB0Xt4hakoBNTJVVGA3HUiWG3rqeTnxyL+kH\ndzTnwedGLm9ry4zJTOhxkeeR+CGfWAQBDexkxFWlfXJGg/Xh1MDskyhhQnLj4U5P\nO1jgmBpbTGeIr7S8v9w73OFt3bY9Cb0u9dAlF9ox1qY+9t2UmJbApa0I2/jbeFu+\nT2x1KJzq4VBOMjttZKUNupvLxBH6y6pP1hkUalmdOtpjLKWQA5ppS1mYnC5dsUIR\n2LaKPkBGZH9CAbcKIKkKiLllxk/T4WR77DnuXQfLd4GDYkRgMDW5o+WYazECAwEA\nAQKCAgAF042OFDRyCQxWBxdT5Gp+jTJQdwrdMufIyG9zpfnfPlmkEUWbyzBAOoyu\nFoKKT8o2ydhDnwfANkQ1H+My+IZlSAab7xv3JU+CfVp2bxj0IZsKbFyt7fpoF91V\nNMRiIWJqDqd5TPNUMJgRLsked4uLXSh1WG+n8Ctq+5yt0UzZUz89/JAp2UF/iDOt\nQJaH+dcU3qfS5zZX0JLFhQw+cWCjfGAWZA/QHD9cb5JvvyN4tkskGbZfLWL+45Il\ngZOVu6abAwHIntxPSHwzHEsJg3WRI4osYGJdTr4AsBc/AdRDbT7VkpJUqCWVhT9J\neH9KrI8IQhlarA+DZWGkJpPXG9oPqVthqOSn/ZNkBD92Cu1gP1Quo07GUzbTj/G3\nkSlWxGAeokjMKGX2LaC/4542x9SbVdbhPg535goaFPVeODZeWUVpHOeh6YbUndE3\nNgt8GT19bFQRSweqzi6tx0UEFW4UsEJndZcsc6esRxLhIN8ltjI8I6MT/mIEs0wo\njMXQ9AgBmv/t6ZVxgM9hmrmuk66U36uTIfUiGHKZQk9rY2xOCfNfSwiCq4AenVt2\nNpmfRNGWy7TuzMY6b218CyQT6zYEG0SawHi4mPZMLvwPa+5r0lb3LrmC7KQDtosy\n8BwCvIbu7Hqpltm0cQGUK07sy0rZbShxI9xDV5F2wkQx5CsrPQKCAQEA69+KwcAN\nO24r/+QNb+Q6wSzKF8dBT94/GgrJlyv32QRt5UCQ2SrO8ixOBB3Zfb7sjT7OxnbK\ncKSP58zd4ZVimK9wooxzi2RMlbnN8x7QvXVR3mfjruhbpWkMGv2MTBxvd9kOGYkz\nic1taHQ8ekMpd5b+I8XAZwsPkBgjIHTflqyYQHgfw0x3B0zFtgQNqzj4wjoDwBQF\nFewoi5BseoUsQAMM7uDk69w4YGt8J0HszkRRmWvnS5fHqCZfCzcoVtdeGL81zisP\nLNq9GRJQw6DCW/w/ymjOJWh+eU15riHJPNS44W1xaj/PBebWFHr/drvzCKpUXbdE\naJTu4KLa5xxSJwKCAQEA9aiJobbLjQVRPV/XjoaHmV+0gLTX5IEIgFQbvph9rQOR\nn97NIj17imwYjYDc+PJFhXYflPG726f5xaAG+z2lE+bOGUxNsPz8u1e3PwpXHWOp\nbQ4jgh1rpRxafGSSZwxfb+shgBkdnMWoB2mWmqbi6DAn7YBHlWrXZsZLlVL7Y5H0\nd97qQsy2UBz3/FmZe7LT8Jjb7FlfGkFx4OY3P5yAyv4rBbSkA2/MDDres56TqW0d\nxlL9shOhuEvHbIux9sDeiLAwSNjOdWKzuLDnd32UNJglL1KZCSyfEQn94/NTjwxd\nZfNGHyauMJSzKeaBSpxglkqE+MqRhEOxqtWCYDOm5wKCAQEAh7bbU5d5BZTiZB2H\nTbX3yGZI8V2ISrgJfqZuTzjRJmDSCnIX5Zwn7ldnnB7AoQVVff+BYde/qwhEdI7/\nq2gUjt2C5UQCx1Uya4O46AX2/MugC2OjMWQoNwg2GuF/89r4l/CfmDnFGajFJrCa\ni45RMaoDF/oUNjW7AqGgtHAKpdswzwdO30QDyIN3zr6OTtI87yQKPF5IftCek47J\nm8U8LKiUrG1hygOvvGqbyMq5wgS1Hp1jO69dBXbugLl/0FeioIKEJtfHp3tECkTr\ni2PX8K021vNuiT+SZaEaPgLaktGifrJF62hDaZXj32zVyC9kKrw2RqXICpSGzWFm\nqks1SQKCAQA6zvsLzJ/UBabaI3yN8SS7Ec87VI+uczlex0PRD95eMdGFzSecf814\naMJD9cpwikccWRfcZzZKsl638cRaFvrS1dkW805SBW5XRvtmSwppzbb8lXropjRj\n1XLP/p+RrcOXHlnpuZl+M08zXxKfuT3uycB1OdVpLqecQfJMMA5gWsuEesfn7+vh\nJ94x+h0lIL1eBqn3XbnHpk0lwtcNEmE+tzQDbKgq7nORpfI0W80LrUSIesui+tIn\nNXTrRlH3OVrMrCkS91wNe/B8UVVIJLb7FEUqnAJo0NbPlG3ESTcCsroVMvThdjgT\nBzYQ3M6s1tzEfdhxWsUVPcNlmzFX6GWXAoIBAF9t8bQpyi/hGTlJiORwr5MnTOYl\nlxAXX7eEhESsjrBVzsC2wf4Gskwx1ID7EWDvz8gt7oZHGx3wdM12/3FNjqY+d57v\nvJdnKj4cGkxvd91dzmDwobYpZctDoQaPbIoKSLGA6KZE/xvsE4ivo/DgydR6Y6U6\nPbxZVU2Gn7oyHPThqT9KEd4exPHT9U1+cfw9LfuvZ29aRhJiHHN9SGOq+Q0HkA3J\n4Iqw1A4+Ni8BTfvzgHXkoOEPjwCfaBvdipbwNjATUbKHyF6iJ8EwLDpmFXO8RFEZ\nIdmYjqCT81r+AocWliQXQWBlEXaTelV45+u9f+JITA+TrFTHaLHQXEKKE5U=\n-----END RSA PRIVATE KEY-----\n",
            "private_key_pem_pkcs8": "-----BEGIN PRIVATE KEY-----\nMIIJQgIBADANBgkqhkiG9w0BAQEFAASCCSwwggkoAgEAAoICAQDiWDlOHTcfCBla\ngcyN/3Ogp6lzr8ZfQ1+0xBhK4IPnJZ268O1/InQmqmZgFfJ3oMgXroTZzdPgvg2Q\noYJ7e0aIo0PTV9jjNaqv2x4qbEFwOiVVpbmiA/8Zr8oj0+46196H01CSWaCSRiWZ\njBwcoSinoxpUNFp/vvQvzizUv5ujJPYFIUF3Voyjih97G7y1jDl3/kjFu+b3L5YX\n8unrTgLcy+KtUdLOFXfVWTV2wTWLa976g8ocy6xGzQSQbDXq8VTtlGEQCAg3W20L\nwmmWdVBdpSZhNCmISVd49TdAWlTdyDIzgR+ZL9Ze0TtxUtGXRU34lZC7xqrJWsBY\np4d2xcEcC5KNhpDuECJkwMCGNbeSDYaSPt0pcKOvNmkj/SHGDwsI1oZ4uDNrDOW4\nHRe3iFqSgE1MlVUYDcdSJYbeup5OfHIv6Qd3NOfB50Yub2vLjMlM6HGR55H4IZ9Y\nBAEN7GTEVaV9ckaD9eHUwOyTKGFCcuPhTk87WOCYGltMZ4ivtLy/3Dvc4W3dtj0J\nvS710CUX2jHWpj723ZSYlsClrQjb+Nt4W75PbHUonOrhUE4yO21kpQ26m8vEEfrL\nqk/WGRRqWZ062mMspZADmmlLWZicLl2xQhHYtoo+QEZkf0IBtwogqQqIuWXGT9Ph\nZHvsOe5dB8t3gYNiRGAwNbmj5ZhrMQIDAQABAoICAAXTjY4UNHIJDFYHF1Pkan6N\nMlB3Ct0y58jIb3Ol+d8+WaQRRZvLMEA6jK4WgopPyjbJ2EOfB8A2RDUf4zL4hmVI\nBpvvG/clT4J9WnZvGPQhmwpsXK3t+mgX3VU0xGIhYmoOp3lM81QwmBEuyR53i4td\nKHVYb6fwK2r7nK3RTNlTPz38kCnZQX+IM61Alof51xTep9LnNlfQksWFDD5xYKN8\nYBZkD9AcP1xvkm+/I3i2SyQZtl8tYv7jkiWBk5W7ppsDAcie3E9IfDMcSwmDdZEj\niixgYl1OvgCwFz8B1ENtPtWSklSoJZWFP0l4f0qsjwhCGVqsD4NlYaQmk9cb2g+p\nW2Go5Kf9k2QEP3YK7WA/VC6jTsZTNtOP8beRKVbEYB6iSMwoZfYtoL/jnjbH1JtV\n1uE+DnfmChoU9V44Nl5ZRWkc56HphtSd0Tc2C3wZPX1sVBFLB6rOLq3HRQQVbhSw\nQmd1lyxzp6xHEuEg3yW2MjwjoxP+YgSzTCiMxdD0CAGa/+3plXGAz2Gaua6TrpTf\nq5Mh9SIYcplCT2tjbE4J819LCIKrgB6dW3Y2mZ9E0ZbLtO7MxjpvbXwLJBPrNgQb\nRJrAeLiY9kwu/A9r7mvSVvcuuYLspAO2izLwHAK8hu7seqmW2bRxAZQrTuzLStlt\nKHEj3ENXkXbCRDHkKys9AoIBAQDr34rBwA07biv/5A1v5DrBLMoXx0FP3j8aCsmX\nK/fZBG3lQJDZKs7yLE4EHdl9vuyNPs7GdspwpI/nzN3hlWKYr3CijHOLZEyVuc3z\nHtC9dVHeZ+Ou6FulaQwa/YxMHG932Q4ZiTOJzW1odDx6Qyl3lv4jxcBnCw+QGCMg\ndN+WrJhAeB/DTHcHTMW2BA2rOPjCOgPAFAUV7CiLkGx6hSxAAwzu4OTr3Dhga3wn\nQezORFGZa+dLl8eoJl8LNyhW114YvzXOKw8s2r0ZElDDoMJb/D/KaM4laH55TXmu\nIck81LjhbXFqP88F5tYUev92u/MIqlRdt0RolO7gotrnHFInAoIBAQD1qImhtsuN\nBVE9X9eOhoeZX7SAtNfkgQiAVBu+mH2tA5Gf3s0iPXuKbBiNgNz48kWFdh+U8bvb\np/nFoAb7PaUT5s4ZTE2w/Py7V7c/ClcdY6ltDiOCHWulHFp8ZJJnDF9v6yGAGR2c\nxagHaZaapuLoMCftgEeVatdmxkuVUvtjkfR33upCzLZQHPf8WZl7stPwmNvsWV8a\nQXHg5jc/nIDK/isFtKQDb8wMOt6znpOpbR3GUv2yE6G4S8dsi7H2wN6IsDBI2M51\nYrO4sOd3fZQ0mCUvUpkJLJ8RCf3j81OPDF1l80YfJq4wlLMp5oFKnGCWSoT4ypGE\nQ7Gq1YJgM6bnAoIBAQCHtttTl3kFlOJkHYdNtffIZkjxXYhKuAl+pm5PONEmYNIK\nchflnCfuV2ecHsChBVV9/4Fh17+rCER0jv+raBSO3YLlRALHVTJrg7joBfb8y6AL\nY6MxZCg3CDYa4X/z2viX8J+YOcUZqMUmsJqLjlExqgMX+hQ2NbsCoaC0cAql2zDP\nB07fRAPIg3fOvo5O0jzvJAo8Xkh+0J6TjsmbxTwsqJSsbWHKA6+8apvIyrnCBLUe\nnWM7r10Fdu6AuX/QV6KggoQm18ene0QKROuLY9fwrTbW826JP5JloRo+AtqS0aJ+\nskXraENplePfbNXIL2QqvDZGpcgKlIbNYWaqSzVJAoIBADrO+wvMn9QFptojfI3x\nJLsRzztUj65zOV7HQ9EP3l4x0YXNJ5x/zXhowkP1ynCKRxxZF9xnNkqyXrfxxFoW\n+tLV2RbzTlIFbldG+2ZLCmnNtvyVeuimNGPVcs/+n5Gtw5ceWem5mX4zTzNfEp+5\nPe7JwHU51Wkup5xB8kwwDmBay4R6x+fv6+En3jH6HSUgvV4GqfdducemTSXC1w0S\nYT63NANsqCruc5Gl8jRbzQutRIh6y6L60ic1dOtGUfc5WsysKRL3XA178HxRVUgk\ntvsURSqcAmjQ1s+UbcRJNwKyuhUy9OF2OBMHNhDczqzW3MR92HFaxRU9w2WbMVfo\nZZcCggEAX23xtCnKL+EZOUmI5HCvkydM5iWXEBdft4SERKyOsFXOwLbB/gayTDHU\ngPsRYO/PyC3uhkcbHfB0zXb/cU2Opj53nu+8l2cqPhwaTG933V3OYPChtilly0Oh\nBo9sigpIsYDopkT/G+wTiK+j8ODJ1HpjpTo9vFlVTYafujIc9OGpP0oR3h7E8dP1\nTX5x/D0t+69nb1pGEmIcc31IY6r5DQeQDcngirDUDj42LwFN+/OAdeSg4Q+PAJ9o\nG92KlvA2MBNRsofIXqInwTAsOmYVc7xEURkh2ZiOoJPzWv4ChxaWJBdBYGURdpN6\nVXjn671/4khMD5OsVMdosdBcQooTlQ==\n-----END PRIVATE KEY-----\n",
            "public_key_fingerprint_md5": "ba:bd:f9:d5:93:3a:a2:cc:4b:45:41:4a:67:3d:af:80",
            "public_key_fingerprint_sha256": "SHA256:4I+DaH04bkTj/zIu/EXnmW2lxAhUfXPhDWO3LCIC2g4",
            "public_key_openssh": "ssh-rsa AAAAB3NzaC1yc2EAAAADAQABAAACAQDiWDlOHTcfCBlagcyN/3Ogp6lzr8ZfQ1+0xBhK4IPnJZ268O1/InQmqmZgFfJ3oMgXroTZzdPgvg2QoYJ7e0aIo0PTV9jjNaqv2x4qbEFwOiVVpbmiA/8Zr8oj0+46196H01CSWaCSRiWZjBwcoSinoxpUNFp/vvQvzizUv5ujJPYFIUF3Voyjih97G7y1jDl3/kjFu+b3L5YX8unrTgLcy+KtUdLOFXfVWTV2wTWLa976g8ocy6xGzQSQbDXq8VTtlGEQCAg3W20LwmmWdVBdpSZhNCmISVd49TdAWlTdyDIzgR+ZL9Ze0TtxUtGXRU34lZC7xqrJWsBYp4d2xcEcC5KNhpDuECJkwMCGNbeSDYaSPt0pcKOvNmkj/SHGDwsI1oZ4uDNrDOW4HRe3iFqSgE1MlVUYDcdSJYbeup5OfHIv6Qd3NOfB50Yub2vLjMlM6HGR55H4IZ9YBAEN7GTEVaV9ckaD9eHUwOyTKGFCcuPhTk87WOCYGltMZ4ivtLy/3Dvc4W3dtj0JvS710CUX2jHWpj723ZSYlsClrQjb+Nt4W75PbHUonOrhUE4yO21kpQ26m8vEEfrLqk/WGRRqWZ062mMspZADmmlLWZicLl2xQhHYtoo+QEZkf0IBtwogqQqIuWXGT9PhZHvsOe5dB8t3gYNiRGAwNbmj5ZhrMQ==\n",
            "public_key_pem": "-----BEGIN PUBLIC KEY-----\nMIICIjANBgkqhkiG9w0BAQEFAAOCAg8AMIICCgKCAgEA4lg5Th03HwgZWoHMjf9z\noKepc6/GX0NftMQYSuCD5yWduvDtfyJ0JqpmYBXyd6DIF66E2c3T4L4NkKGCe3tG\niKND01fY4zWqr9seKmxBcDolVaW5ogP/Ga/KI9PuOtfeh9NQklmgkkYlmYwcHKEo\np6MaVDRaf770L84s1L+boyT2BSFBd1aMo4ofexu8tYw5d/5Ixbvm9y+WF/Lp604C\n3MvirVHSzhV31Vk1dsE1i2ve+oPKHMusRs0EkGw16vFU7ZRhEAgIN1ttC8JplnVQ\nXaUmYTQpiElXePU3QFpU3cgyM4EfmS/WXtE7cVLRl0VN+JWQu8aqyVrAWKeHdsXB\nHAuSjYaQ7hAiZMDAhjW3kg2Gkj7dKXCjrzZpI/0hxg8LCNaGeLgzawzluB0Xt4ha\nkoBNTJVVGA3HUiWG3rqeTnxyL+kHdzTnwedGLm9ry4zJTOhxkeeR+CGfWAQBDexk\nxFWlfXJGg/Xh1MDskyhhQnLj4U5PO1jgmBpbTGeIr7S8v9w73OFt3bY9Cb0u9dAl\nF9ox1qY+9t2UmJbApa0I2/jbeFu+T2x1KJzq4VBOMjttZKUNupvLxBH6y6pP1hkU\nalmdOtpjLKWQA5ppS1mYnC5dsUIR2LaKPkBGZH9CAbcKIKkKiLllxk/T4WR77Dnu\nXQfLd4GDYkRgMDW5o+WYazECAwEAAQ==\n-----END PUBLIC KEY-----\n",
            "rsa_bits": 4096
          },
          "sensitive_attributes": [],
          "dependencies": [
            "module.vpc.aws_cloudwatch_log_group.flow_log",
            "module.vpc.aws_customer_gateway.this",
            "module.vpc.aws_db_subnet_group.database",
            "module.vpc.aws_default_network_acl.this",
            "module.vpc.aws_default_route_table.default",
            "module.vpc.aws_default_security_group.this",
            "module.vpc.aws_default_vpc.this",
            "module.vpc.aws_egress_only_internet_gateway.this",
            "module.vpc.aws_eip.nat",
            "module.vpc.aws_elasticache_subnet_group.elasticache",
            "module.vpc.aws_flow_log.this",
            "module.vpc.aws_iam_policy.vpc_flow_log_cloudwatch",
            "module.vpc.aws_iam_role.vpc_flow_log_cloudwatch",
            "module.vpc.aws_iam_role_policy_attachment.vpc_flow_log_cloudwatch",
            "module.vpc.aws_internet_gateway.this",
            "module.vpc.aws_nat_gateway.this",
            "module.vpc.aws_network_acl.database",
            "module.vpc.aws_network_acl.elasticache",
            "module.vpc.aws_network_acl.intra",
            "module.vpc.aws_network_acl.outpost",
            "module.vpc.aws_network_acl.private",
            "module.vpc.aws_network_acl.public",
            "module.vpc.aws_network_acl.redshift",
            "module.vpc.aws_network_acl_rule.database_inbound",
            "module.vpc.aws_network_acl_rule.database_outbound",
            "module.vpc.aws_network_acl_rule.elasticache_inbound",
            "module.vpc.aws_network_acl_rule.elasticache_outbound",
            "module.vpc.aws_network_acl_rule.intra_inbound",
            "module.vpc.aws_network_acl_rule.intra_outbound",
            "module.vpc.aws_network_acl_rule.outpost_inbound",
            "module.vpc.aws_network_acl_rule.outpost_outbound",
            "module.vpc.aws_network_acl_rule.private_inbound",
            "module.vpc.aws_network_acl_rule.private_outbound",
            "module.vpc.aws_network_acl_rule.public_inbound",
            "module.vpc.aws_network_acl_rule.public_outbound",
            "module.vpc.aws_network_acl_rule.redshift_inbound",
            "module.vpc.aws_network_acl_rule.redshift_outbound",
            "module.vpc.aws_redshift_subnet_group.redshift",
            "module.vpc.aws_route.database_internet_gateway",
            "module.vpc.aws_route.database_ipv6_egress",
            "module.vpc.aws_route.database_nat_gateway",
            "module.vpc.aws_route.private_ipv6_egress",
            "module.vpc.aws_route.private_nat_gateway",
            "module.vpc.aws_route.public_internet_gateway",
            "module.vpc.aws_route.public_internet_gateway_ipv6",
            "module.vpc.aws_route_table.database",
            "module.vpc.aws_route_table.elasticache",
            "module.vpc.aws_route_table.intra",
            "module.vpc.aws_route_table.private",
            "module.vpc.aws_route_table.public",
            "module.vpc.aws_route_table.redshift",
            "module.vpc.aws_route_table_association.database",
            "module.vpc.aws_route_table_association.elasticache",
            "module.vpc.aws_route_table_association.intra",
            "module.vpc.aws_route_table_association.outpost",
            "module.vpc.aws_route_table_association.private",
            "module.vpc.aws_route_table_association.public",
            "module.vpc.aws_route_table_association.redshift",
            "module.vpc.aws_route_table_association.redshift_public",
            "module.vpc.aws_subnet.database",
            "module.vpc.aws_subnet.elasticache",
            "module.vpc.aws_subnet.intra",
            "module.vpc.aws_subnet.outpost",
            "module.vpc.aws_subnet.private",
            "module.vpc.aws_subnet.public",
            "module.vpc.aws_subnet.redshift",
            "module.vpc.aws_vpc.this",
            "module.vpc.aws_vpc_dhcp_options.this",
            "module.vpc.aws_vpc_dhcp_options_association.this",
            "module.vpc.aws_vpc_ipv4_cidr_block_association.this",
            "module.vpc.aws_vpn_gateway.this",
            "module.vpc.aws_vpn_gateway_attachment.this",
            "module.vpc.aws_vpn_gateway_route_propagation.intra",
            "module.vpc.aws_vpn_gateway_route_propagation.private",
            "module.vpc.aws_vpn_gateway_route_propagation.public",
            "module.vpc.data.aws_iam_policy_document.flow_log_cloudwatch_assume_role",
            "module.vpc.data.aws_iam_policy_document.vpc_flow_log_cloudwatch"
          ]
        }
      ]
    },
    {
      "module": "module.vpc",
      "mode": "managed",
      "type": "aws_eip",
      "name": "nat",
      "provider": "provider[\"registry.terraform.io/hashicorp/aws\"]",
      "instances": [
        {
          "index_key": 0,
          "schema_version": 0,
          "attributes": {
            "address": null,
            "allocation_id": "eipalloc-0f04bf5e3eec5e2cf",
            "associate_with_private_ip": null,
            "association_id": "",
            "carrier_ip": "",
            "customer_owned_ip": "",
            "customer_owned_ipv4_pool": "",
            "domain": "vpc",
            "id": "eipalloc-0f04bf5e3eec5e2cf",
            "instance": "",
            "network_border_group": "us-east-1",
            "network_interface": "",
            "private_dns": null,
            "private_ip": "",
            "public_dns": "ec2-3-232-163-121.compute-1.amazonaws.com",
            "public_ip": "3.232.163.121",
            "public_ipv4_pool": "amazon",
            "tags": {
              "Name": "VPC-us-east-1a"
            },
            "tags_all": {
              "Name": "VPC-us-east-1a"
            },
            "timeouts": null,
            "vpc": true
          },
          "sensitive_attributes": [],
          "private": "eyJlMmJmYjczMC1lY2FhLTExZTYtOGY4OC0zNDM2M2JjN2M0YzAiOnsiZGVsZXRlIjoxODAwMDAwMDAwMDAsInJlYWQiOjkwMDAwMDAwMDAwMCwidXBkYXRlIjozMDAwMDAwMDAwMDB9fQ=="
        }
      ]
    },
    {
      "module": "module.vpc",
      "mode": "managed",
      "type": "aws_internet_gateway",
      "name": "this",
      "provider": "provider[\"registry.terraform.io/hashicorp/aws\"]",
      "instances": [
        {
          "index_key": 0,
          "schema_version": 0,
          "attributes": {
            "arn": "arn:aws:ec2:us-east-1:732230631636:internet-gateway/igw-014e49380821bbb32",
            "id": "igw-014e49380821bbb32",
            "owner_id": "732230631636",
            "tags": {
              "Name": "VPC"
            },
            "tags_all": {
              "Name": "VPC"
            },
            "timeouts": null,
            "vpc_id": "vpc-0a1c254202efa6370"
          },
          "sensitive_attributes": [],
          "private": "eyJlMmJmYjczMC1lY2FhLTExZTYtOGY4OC0zNDM2M2JjN2M0YzAiOnsiY3JlYXRlIjoxMjAwMDAwMDAwMDAwLCJkZWxldGUiOjEyMDAwMDAwMDAwMDAsInVwZGF0ZSI6MTIwMDAwMDAwMDAwMH19",
          "dependencies": [
            "module.vpc.aws_vpc.this",
            "module.vpc.aws_vpc_ipv4_cidr_block_association.this"
          ]
        }
      ]
    },
    {
      "module": "module.vpc",
      "mode": "managed",
      "type": "aws_nat_gateway",
      "name": "this",
      "provider": "provider[\"registry.terraform.io/hashicorp/aws\"]",
      "instances": [
        {
          "index_key": 0,
          "schema_version": 0,
          "attributes": {
            "allocation_id": "eipalloc-0f04bf5e3eec5e2cf",
            "connectivity_type": "public",
            "id": "nat-03ee783017aa5e1a1",
            "network_interface_id": "eni-0f50786c182b4897b",
            "private_ip": "172.23.7.247",
            "public_ip": "3.232.163.121",
            "subnet_id": "subnet-05c28db6f1f25b567",
            "tags": {
              "Name": "caldera-test_natgateway"
            },
            "tags_all": {
              "Name": "caldera-test_natgateway"
            }
          },
          "sensitive_attributes": [],
          "private": "bnVsbA==",
          "dependencies": [
            "module.vpc.aws_eip.nat",
            "module.vpc.aws_internet_gateway.this",
            "module.vpc.aws_subnet.public",
            "module.vpc.aws_vpc.this",
            "module.vpc.aws_vpc_ipv4_cidr_block_association.this"
          ]
        }
      ]
    },
    {
      "module": "module.vpc",
      "mode": "managed",
      "type": "aws_route",
      "name": "private_nat_gateway",
      "provider": "provider[\"registry.terraform.io/hashicorp/aws\"]",
      "instances": [
        {
          "index_key": 0,
          "schema_version": 0,
          "attributes": {
            "carrier_gateway_id": "",
            "core_network_arn": "",
            "destination_cidr_block": "0.0.0.0/0",
            "destination_ipv6_cidr_block": "",
            "destination_prefix_list_id": "",
            "egress_only_gateway_id": "",
            "gateway_id": "",
            "id": "r-rtb-06e3819b1604ab0ef1080289494",
            "instance_id": "",
            "instance_owner_id": "",
            "local_gateway_id": "",
            "nat_gateway_id": "nat-03ee783017aa5e1a1",
            "network_interface_id": "",
            "origin": "CreateRoute",
            "route_table_id": "rtb-06e3819b1604ab0ef",
            "state": "active",
            "timeouts": {
              "create": "5m",
              "delete": null,
              "update": null
            },
            "transit_gateway_id": "",
            "vpc_endpoint_id": "",
            "vpc_peering_connection_id": ""
          },
          "sensitive_attributes": [],
          "private": "eyJlMmJmYjczMC1lY2FhLTExZTYtOGY4OC0zNDM2M2JjN2M0YzAiOnsiY3JlYXRlIjozMDAwMDAwMDAwMDAsImRlbGV0ZSI6MzAwMDAwMDAwMDAwLCJ1cGRhdGUiOjEyMDAwMDAwMDAwMH19",
          "dependencies": [
            "module.vpc.aws_eip.nat",
            "module.vpc.aws_internet_gateway.this",
            "module.vpc.aws_nat_gateway.this",
            "module.vpc.aws_route_table.private",
            "module.vpc.aws_subnet.public",
            "module.vpc.aws_vpc.this",
            "module.vpc.aws_vpc_ipv4_cidr_block_association.this"
          ]
        }
      ]
    },
    {
      "module": "module.vpc",
      "mode": "managed",
      "type": "aws_route",
      "name": "public_internet_gateway",
      "provider": "provider[\"registry.terraform.io/hashicorp/aws\"]",
      "instances": [
        {
          "index_key": 0,
          "schema_version": 0,
          "attributes": {
            "carrier_gateway_id": "",
            "core_network_arn": "",
            "destination_cidr_block": "0.0.0.0/0",
            "destination_ipv6_cidr_block": "",
            "destination_prefix_list_id": "",
            "egress_only_gateway_id": "",
            "gateway_id": "igw-014e49380821bbb32",
            "id": "r-rtb-0d6e1084093ab7d921080289494",
            "instance_id": "",
            "instance_owner_id": "",
            "local_gateway_id": "",
            "nat_gateway_id": "",
            "network_interface_id": "",
            "origin": "CreateRoute",
            "route_table_id": "rtb-0d6e1084093ab7d92",
            "state": "active",
            "timeouts": {
              "create": "5m",
              "delete": null,
              "update": null
            },
            "transit_gateway_id": "",
            "vpc_endpoint_id": "",
            "vpc_peering_connection_id": ""
          },
          "sensitive_attributes": [],
          "private": "eyJlMmJmYjczMC1lY2FhLTExZTYtOGY4OC0zNDM2M2JjN2M0YzAiOnsiY3JlYXRlIjozMDAwMDAwMDAwMDAsImRlbGV0ZSI6MzAwMDAwMDAwMDAwLCJ1cGRhdGUiOjEyMDAwMDAwMDAwMH19",
          "dependencies": [
            "module.vpc.aws_internet_gateway.this",
            "module.vpc.aws_route_table.public",
            "module.vpc.aws_vpc.this",
            "module.vpc.aws_vpc_ipv4_cidr_block_association.this"
          ]
        }
      ]
    },
    {
      "module": "module.vpc",
      "mode": "managed",
      "type": "aws_route_table",
      "name": "private",
      "provider": "provider[\"registry.terraform.io/hashicorp/aws\"]",
      "instances": [
        {
          "index_key": 0,
          "schema_version": 0,
          "attributes": {
            "arn": "arn:aws:ec2:us-east-1:732230631636:route-table/rtb-06e3819b1604ab0ef",
            "id": "rtb-06e3819b1604ab0ef",
            "owner_id": "732230631636",
            "propagating_vgws": [],
            "route": [],
            "tags": {
              "Name": "VPC-private"
            },
            "tags_all": {
              "Name": "VPC-private"
            },
            "timeouts": null,
            "vpc_id": "vpc-0a1c254202efa6370"
          },
          "sensitive_attributes": [],
          "private": "eyJlMmJmYjczMC1lY2FhLTExZTYtOGY4OC0zNDM2M2JjN2M0YzAiOnsiY3JlYXRlIjozMDAwMDAwMDAwMDAsImRlbGV0ZSI6MzAwMDAwMDAwMDAwLCJ1cGRhdGUiOjEyMDAwMDAwMDAwMH19",
          "dependencies": [
            "module.vpc.aws_vpc.this",
            "module.vpc.aws_vpc_ipv4_cidr_block_association.this"
          ]
        }
      ]
    },
    {
      "module": "module.vpc",
      "mode": "managed",
      "type": "aws_route_table",
      "name": "public",
      "provider": "provider[\"registry.terraform.io/hashicorp/aws\"]",
      "instances": [
        {
          "index_key": 0,
          "schema_version": 0,
          "attributes": {
            "arn": "arn:aws:ec2:us-east-1:732230631636:route-table/rtb-0d6e1084093ab7d92",
            "id": "rtb-0d6e1084093ab7d92",
            "owner_id": "732230631636",
            "propagating_vgws": [],
            "route": [],
            "tags": {
              "Name": "VPC-public"
            },
            "tags_all": {
              "Name": "VPC-public"
            },
            "timeouts": null,
            "vpc_id": "vpc-0a1c254202efa6370"
          },
          "sensitive_attributes": [],
          "private": "eyJlMmJmYjczMC1lY2FhLTExZTYtOGY4OC0zNDM2M2JjN2M0YzAiOnsiY3JlYXRlIjozMDAwMDAwMDAwMDAsImRlbGV0ZSI6MzAwMDAwMDAwMDAwLCJ1cGRhdGUiOjEyMDAwMDAwMDAwMH19",
          "dependencies": [
            "module.vpc.aws_vpc.this",
            "module.vpc.aws_vpc_ipv4_cidr_block_association.this"
          ]
        }
      ]
    },
    {
      "module": "module.vpc",
      "mode": "managed",
      "type": "aws_route_table_association",
      "name": "private",
      "provider": "provider[\"registry.terraform.io/hashicorp/aws\"]",
      "instances": [
        {
          "index_key": 0,
          "schema_version": 0,
          "attributes": {
            "gateway_id": "",
            "id": "rtbassoc-0c151d7762e796a92",
            "route_table_id": "rtb-06e3819b1604ab0ef",
            "subnet_id": "subnet-06a37e675dafdc0e3"
          },
          "sensitive_attributes": [],
          "private": "bnVsbA==",
          "dependencies": [
            "module.vpc.aws_route_table.private",
            "module.vpc.aws_subnet.private",
            "module.vpc.aws_vpc.this",
            "module.vpc.aws_vpc_ipv4_cidr_block_association.this"
          ]
        },
        {
          "index_key": 1,
          "schema_version": 0,
          "attributes": {
            "gateway_id": "",
            "id": "rtbassoc-0c2bd880dd765172b",
            "route_table_id": "rtb-06e3819b1604ab0ef",
            "subnet_id": "subnet-0e99d12f0f85a0f9d"
          },
          "sensitive_attributes": [],
          "private": "bnVsbA==",
          "dependencies": [
            "module.vpc.aws_route_table.private",
            "module.vpc.aws_subnet.private",
            "module.vpc.aws_vpc.this",
            "module.vpc.aws_vpc_ipv4_cidr_block_association.this"
          ]
        },
        {
          "index_key": 2,
          "schema_version": 0,
          "attributes": {
            "gateway_id": "",
            "id": "rtbassoc-01dd7e868fe7cede0",
            "route_table_id": "rtb-06e3819b1604ab0ef",
            "subnet_id": "subnet-0bb53699dc67239e7"
          },
          "sensitive_attributes": [],
          "private": "bnVsbA==",
          "dependencies": [
            "module.vpc.aws_route_table.private",
            "module.vpc.aws_subnet.private",
            "module.vpc.aws_vpc.this",
            "module.vpc.aws_vpc_ipv4_cidr_block_association.this"
          ]
        },
        {
          "index_key": 3,
          "schema_version": 0,
          "attributes": {
            "gateway_id": "",
            "id": "rtbassoc-03f2a3a7fae701ee8",
            "route_table_id": "rtb-06e3819b1604ab0ef",
            "subnet_id": "subnet-0b8f37f567d6deb29"
          },
          "sensitive_attributes": [],
          "private": "bnVsbA==",
          "dependencies": [
            "module.vpc.aws_route_table.private",
            "module.vpc.aws_subnet.private",
            "module.vpc.aws_vpc.this",
            "module.vpc.aws_vpc_ipv4_cidr_block_association.this"
          ]
        },
        {
          "index_key": 4,
          "schema_version": 0,
          "attributes": {
            "gateway_id": "",
            "id": "rtbassoc-06302b40ef3a2ad63",
            "route_table_id": "rtb-06e3819b1604ab0ef",
            "subnet_id": "subnet-06e0165a80af61d05"
          },
          "sensitive_attributes": [],
          "private": "bnVsbA==",
          "dependencies": [
            "module.vpc.aws_route_table.private",
            "module.vpc.aws_subnet.private",
            "module.vpc.aws_vpc.this",
            "module.vpc.aws_vpc_ipv4_cidr_block_association.this"
          ]
        }
      ]
    },
    {
      "module": "module.vpc",
      "mode": "managed",
      "type": "aws_route_table_association",
      "name": "public",
      "provider": "provider[\"registry.terraform.io/hashicorp/aws\"]",
      "instances": [
        {
          "index_key": 0,
          "schema_version": 0,
          "attributes": {
            "gateway_id": "",
            "id": "rtbassoc-04fc3c4261fdbbfa5",
            "route_table_id": "rtb-0d6e1084093ab7d92",
            "subnet_id": "subnet-05c28db6f1f25b567"
          },
          "sensitive_attributes": [],
          "private": "bnVsbA==",
          "dependencies": [
            "module.vpc.aws_route_table.public",
            "module.vpc.aws_subnet.public",
            "module.vpc.aws_vpc.this",
            "module.vpc.aws_vpc_ipv4_cidr_block_association.this"
          ]
        },
        {
          "index_key": 1,
          "schema_version": 0,
          "attributes": {
            "gateway_id": "",
            "id": "rtbassoc-020851b91eaba7291",
            "route_table_id": "rtb-0d6e1084093ab7d92",
            "subnet_id": "subnet-037d0e9b987e295de"
          },
          "sensitive_attributes": [],
          "private": "bnVsbA==",
          "dependencies": [
            "module.vpc.aws_route_table.public",
            "module.vpc.aws_subnet.public",
            "module.vpc.aws_vpc.this",
            "module.vpc.aws_vpc_ipv4_cidr_block_association.this"
          ]
        },
        {
          "index_key": 2,
          "schema_version": 0,
          "attributes": {
            "gateway_id": "",
            "id": "rtbassoc-0cf217ad8ba15f505",
            "route_table_id": "rtb-0d6e1084093ab7d92",
            "subnet_id": "subnet-0612d6de0ae7694b7"
          },
          "sensitive_attributes": [],
          "private": "bnVsbA==",
          "dependencies": [
            "module.vpc.aws_route_table.public",
            "module.vpc.aws_subnet.public",
            "module.vpc.aws_vpc.this",
            "module.vpc.aws_vpc_ipv4_cidr_block_association.this"
          ]
        },
        {
          "index_key": 3,
          "schema_version": 0,
          "attributes": {
            "gateway_id": "",
            "id": "rtbassoc-09aa0f8d7147bf738",
            "route_table_id": "rtb-0d6e1084093ab7d92",
            "subnet_id": "subnet-06c8eff87e4c895ac"
          },
          "sensitive_attributes": [],
          "private": "bnVsbA==",
          "dependencies": [
            "module.vpc.aws_route_table.public",
            "module.vpc.aws_subnet.public",
            "module.vpc.aws_vpc.this",
            "module.vpc.aws_vpc_ipv4_cidr_block_association.this"
          ]
        },
        {
          "index_key": 4,
          "schema_version": 0,
          "attributes": {
            "gateway_id": "",
            "id": "rtbassoc-0cc7ef599d77ebf8f",
            "route_table_id": "rtb-0d6e1084093ab7d92",
            "subnet_id": "subnet-0e952d9d93262656e"
          },
          "sensitive_attributes": [],
          "private": "bnVsbA==",
          "dependencies": [
            "module.vpc.aws_route_table.public",
            "module.vpc.aws_subnet.public",
            "module.vpc.aws_vpc.this",
            "module.vpc.aws_vpc_ipv4_cidr_block_association.this"
          ]
        }
      ]
    },
    {
      "module": "module.vpc",
      "mode": "managed",
      "type": "aws_subnet",
      "name": "private",
      "provider": "provider[\"registry.terraform.io/hashicorp/aws\"]",
      "instances": [
        {
          "index_key": 0,
          "schema_version": 1,
          "attributes": {
            "arn": "arn:aws:ec2:us-east-1:732230631636:subnet/subnet-06a37e675dafdc0e3",
            "assign_ipv6_address_on_creation": false,
            "availability_zone": "us-east-1a",
            "availability_zone_id": "use1-az1",
            "cidr_block": "172.23.0.0/22",
            "customer_owned_ipv4_pool": "",
            "enable_dns64": false,
            "enable_resource_name_dns_a_record_on_launch": false,
            "enable_resource_name_dns_aaaa_record_on_launch": false,
            "id": "subnet-06a37e675dafdc0e3",
            "ipv6_cidr_block": "",
            "ipv6_cidr_block_association_id": "",
            "ipv6_native": false,
            "map_customer_owned_ip_on_launch": false,
            "map_public_ip_on_launch": false,
            "outpost_arn": "",
            "owner_id": "732230631636",
            "private_dns_hostname_type_on_launch": "ip-name",
            "tags": {
              "Name": "caldera-test_private"
            },
            "tags_all": {
              "Name": "caldera-test_private"
            },
            "timeouts": null,
            "vpc_id": "vpc-0a1c254202efa6370"
          },
          "sensitive_attributes": [],
          "private": "eyJlMmJmYjczMC1lY2FhLTExZTYtOGY4OC0zNDM2M2JjN2M0YzAiOnsiY3JlYXRlIjo2MDAwMDAwMDAwMDAsImRlbGV0ZSI6MTIwMDAwMDAwMDAwMH0sInNjaGVtYV92ZXJzaW9uIjoiMSJ9",
          "dependencies": [
            "module.vpc.aws_vpc.this",
            "module.vpc.aws_vpc_ipv4_cidr_block_association.this"
          ]
        },
        {
          "index_key": 1,
          "schema_version": 1,
          "attributes": {
            "arn": "arn:aws:ec2:us-east-1:732230631636:subnet/subnet-0e99d12f0f85a0f9d",
            "assign_ipv6_address_on_creation": false,
            "availability_zone": "us-east-1b",
            "availability_zone_id": "use1-az2",
            "cidr_block": "172.23.32.0/22",
            "customer_owned_ipv4_pool": "",
            "enable_dns64": false,
            "enable_resource_name_dns_a_record_on_launch": false,
            "enable_resource_name_dns_aaaa_record_on_launch": false,
            "id": "subnet-0e99d12f0f85a0f9d",
            "ipv6_cidr_block": "",
            "ipv6_cidr_block_association_id": "",
            "ipv6_native": false,
            "map_customer_owned_ip_on_launch": false,
            "map_public_ip_on_launch": false,
            "outpost_arn": "",
            "owner_id": "732230631636",
            "private_dns_hostname_type_on_launch": "ip-name",
            "tags": {
              "Name": "caldera-test_private"
            },
            "tags_all": {
              "Name": "caldera-test_private"
            },
            "timeouts": null,
            "vpc_id": "vpc-0a1c254202efa6370"
          },
          "sensitive_attributes": [],
          "private": "eyJlMmJmYjczMC1lY2FhLTExZTYtOGY4OC0zNDM2M2JjN2M0YzAiOnsiY3JlYXRlIjo2MDAwMDAwMDAwMDAsImRlbGV0ZSI6MTIwMDAwMDAwMDAwMH0sInNjaGVtYV92ZXJzaW9uIjoiMSJ9",
          "dependencies": [
            "module.vpc.aws_vpc.this",
            "module.vpc.aws_vpc_ipv4_cidr_block_association.this"
          ]
        },
        {
          "index_key": 2,
          "schema_version": 1,
          "attributes": {
            "arn": "arn:aws:ec2:us-east-1:732230631636:subnet/subnet-0bb53699dc67239e7",
            "assign_ipv6_address_on_creation": false,
            "availability_zone": "us-east-1c",
            "availability_zone_id": "use1-az4",
            "cidr_block": "172.23.64.0/22",
            "customer_owned_ipv4_pool": "",
            "enable_dns64": false,
            "enable_resource_name_dns_a_record_on_launch": false,
            "enable_resource_name_dns_aaaa_record_on_launch": false,
            "id": "subnet-0bb53699dc67239e7",
            "ipv6_cidr_block": "",
            "ipv6_cidr_block_association_id": "",
            "ipv6_native": false,
            "map_customer_owned_ip_on_launch": false,
            "map_public_ip_on_launch": false,
            "outpost_arn": "",
            "owner_id": "732230631636",
            "private_dns_hostname_type_on_launch": "ip-name",
            "tags": {
              "Name": "caldera-test_private"
            },
            "tags_all": {
              "Name": "caldera-test_private"
            },
            "timeouts": null,
            "vpc_id": "vpc-0a1c254202efa6370"
          },
          "sensitive_attributes": [],
          "private": "eyJlMmJmYjczMC1lY2FhLTExZTYtOGY4OC0zNDM2M2JjN2M0YzAiOnsiY3JlYXRlIjo2MDAwMDAwMDAwMDAsImRlbGV0ZSI6MTIwMDAwMDAwMDAwMH0sInNjaGVtYV92ZXJzaW9uIjoiMSJ9",
          "dependencies": [
            "module.vpc.aws_vpc.this",
            "module.vpc.aws_vpc_ipv4_cidr_block_association.this"
          ]
        },
        {
          "index_key": 3,
          "schema_version": 1,
          "attributes": {
            "arn": "arn:aws:ec2:us-east-1:732230631636:subnet/subnet-0b8f37f567d6deb29",
            "assign_ipv6_address_on_creation": false,
            "availability_zone": "us-east-1d",
            "availability_zone_id": "use1-az6",
            "cidr_block": "172.23.96.0/22",
            "customer_owned_ipv4_pool": "",
            "enable_dns64": false,
            "enable_resource_name_dns_a_record_on_launch": false,
            "enable_resource_name_dns_aaaa_record_on_launch": false,
            "id": "subnet-0b8f37f567d6deb29",
            "ipv6_cidr_block": "",
            "ipv6_cidr_block_association_id": "",
            "ipv6_native": false,
            "map_customer_owned_ip_on_launch": false,
            "map_public_ip_on_launch": false,
            "outpost_arn": "",
            "owner_id": "732230631636",
            "private_dns_hostname_type_on_launch": "ip-name",
            "tags": {
              "Name": "caldera-test_private"
            },
            "tags_all": {
              "Name": "caldera-test_private"
            },
            "timeouts": null,
            "vpc_id": "vpc-0a1c254202efa6370"
          },
          "sensitive_attributes": [],
          "private": "eyJlMmJmYjczMC1lY2FhLTExZTYtOGY4OC0zNDM2M2JjN2M0YzAiOnsiY3JlYXRlIjo2MDAwMDAwMDAwMDAsImRlbGV0ZSI6MTIwMDAwMDAwMDAwMH0sInNjaGVtYV92ZXJzaW9uIjoiMSJ9",
          "dependencies": [
            "module.vpc.aws_vpc.this",
            "module.vpc.aws_vpc_ipv4_cidr_block_association.this"
          ]
        },
        {
          "index_key": 4,
          "schema_version": 1,
          "attributes": {
            "arn": "arn:aws:ec2:us-east-1:732230631636:subnet/subnet-06e0165a80af61d05",
            "assign_ipv6_address_on_creation": false,
            "availability_zone": "us-east-1f",
            "availability_zone_id": "use1-az5",
            "cidr_block": "172.23.160.0/22",
            "customer_owned_ipv4_pool": "",
            "enable_dns64": false,
            "enable_resource_name_dns_a_record_on_launch": false,
            "enable_resource_name_dns_aaaa_record_on_launch": false,
            "id": "subnet-06e0165a80af61d05",
            "ipv6_cidr_block": "",
            "ipv6_cidr_block_association_id": "",
            "ipv6_native": false,
            "map_customer_owned_ip_on_launch": false,
            "map_public_ip_on_launch": false,
            "outpost_arn": "",
            "owner_id": "732230631636",
            "private_dns_hostname_type_on_launch": "ip-name",
            "tags": {
              "Name": "caldera-test_private"
            },
            "tags_all": {
              "Name": "caldera-test_private"
            },
            "timeouts": null,
            "vpc_id": "vpc-0a1c254202efa6370"
          },
          "sensitive_attributes": [],
          "private": "eyJlMmJmYjczMC1lY2FhLTExZTYtOGY4OC0zNDM2M2JjN2M0YzAiOnsiY3JlYXRlIjo2MDAwMDAwMDAwMDAsImRlbGV0ZSI6MTIwMDAwMDAwMDAwMH0sInNjaGVtYV92ZXJzaW9uIjoiMSJ9",
          "dependencies": [
            "module.vpc.aws_vpc.this",
            "module.vpc.aws_vpc_ipv4_cidr_block_association.this"
          ]
        }
      ]
    },
    {
      "module": "module.vpc",
      "mode": "managed",
      "type": "aws_subnet",
      "name": "public",
      "provider": "provider[\"registry.terraform.io/hashicorp/aws\"]",
      "instances": [
        {
          "index_key": 0,
          "schema_version": 1,
          "attributes": {
            "arn": "arn:aws:ec2:us-east-1:732230631636:subnet/subnet-05c28db6f1f25b567",
            "assign_ipv6_address_on_creation": false,
            "availability_zone": "us-east-1a",
            "availability_zone_id": "use1-az1",
            "cidr_block": "172.23.4.0/22",
            "customer_owned_ipv4_pool": "",
            "enable_dns64": false,
            "enable_resource_name_dns_a_record_on_launch": false,
            "enable_resource_name_dns_aaaa_record_on_launch": false,
            "id": "subnet-05c28db6f1f25b567",
            "ipv6_cidr_block": "",
            "ipv6_cidr_block_association_id": "",
            "ipv6_native": false,
            "map_customer_owned_ip_on_launch": false,
            "map_public_ip_on_launch": true,
            "outpost_arn": "",
            "owner_id": "732230631636",
            "private_dns_hostname_type_on_launch": "ip-name",
            "tags": {
              "Name": "caldera-test_public"
            },
            "tags_all": {
              "Name": "caldera-test_public"
            },
            "timeouts": null,
            "vpc_id": "vpc-0a1c254202efa6370"
          },
          "sensitive_attributes": [],
          "private": "eyJlMmJmYjczMC1lY2FhLTExZTYtOGY4OC0zNDM2M2JjN2M0YzAiOnsiY3JlYXRlIjo2MDAwMDAwMDAwMDAsImRlbGV0ZSI6MTIwMDAwMDAwMDAwMH0sInNjaGVtYV92ZXJzaW9uIjoiMSJ9",
          "dependencies": [
            "module.vpc.aws_vpc.this",
            "module.vpc.aws_vpc_ipv4_cidr_block_association.this"
          ]
        },
        {
          "index_key": 1,
          "schema_version": 1,
          "attributes": {
            "arn": "arn:aws:ec2:us-east-1:732230631636:subnet/subnet-037d0e9b987e295de",
            "assign_ipv6_address_on_creation": false,
            "availability_zone": "us-east-1b",
            "availability_zone_id": "use1-az2",
            "cidr_block": "172.23.36.0/22",
            "customer_owned_ipv4_pool": "",
            "enable_dns64": false,
            "enable_resource_name_dns_a_record_on_launch": false,
            "enable_resource_name_dns_aaaa_record_on_launch": false,
            "id": "subnet-037d0e9b987e295de",
            "ipv6_cidr_block": "",
            "ipv6_cidr_block_association_id": "",
            "ipv6_native": false,
            "map_customer_owned_ip_on_launch": false,
            "map_public_ip_on_launch": true,
            "outpost_arn": "",
            "owner_id": "732230631636",
            "private_dns_hostname_type_on_launch": "ip-name",
            "tags": {
              "Name": "caldera-test_public"
            },
            "tags_all": {
              "Name": "caldera-test_public"
            },
            "timeouts": null,
            "vpc_id": "vpc-0a1c254202efa6370"
          },
          "sensitive_attributes": [],
          "private": "eyJlMmJmYjczMC1lY2FhLTExZTYtOGY4OC0zNDM2M2JjN2M0YzAiOnsiY3JlYXRlIjo2MDAwMDAwMDAwMDAsImRlbGV0ZSI6MTIwMDAwMDAwMDAwMH0sInNjaGVtYV92ZXJzaW9uIjoiMSJ9",
          "dependencies": [
            "module.vpc.aws_vpc.this",
            "module.vpc.aws_vpc_ipv4_cidr_block_association.this"
          ]
        },
        {
          "index_key": 2,
          "schema_version": 1,
          "attributes": {
            "arn": "arn:aws:ec2:us-east-1:732230631636:subnet/subnet-0612d6de0ae7694b7",
            "assign_ipv6_address_on_creation": false,
            "availability_zone": "us-east-1c",
            "availability_zone_id": "use1-az4",
            "cidr_block": "172.23.68.0/22",
            "customer_owned_ipv4_pool": "",
            "enable_dns64": false,
            "enable_resource_name_dns_a_record_on_launch": false,
            "enable_resource_name_dns_aaaa_record_on_launch": false,
            "id": "subnet-0612d6de0ae7694b7",
            "ipv6_cidr_block": "",
            "ipv6_cidr_block_association_id": "",
            "ipv6_native": false,
            "map_customer_owned_ip_on_launch": false,
            "map_public_ip_on_launch": true,
            "outpost_arn": "",
            "owner_id": "732230631636",
            "private_dns_hostname_type_on_launch": "ip-name",
            "tags": {
              "Name": "caldera-test_public"
            },
            "tags_all": {
              "Name": "caldera-test_public"
            },
            "timeouts": null,
            "vpc_id": "vpc-0a1c254202efa6370"
          },
          "sensitive_attributes": [],
          "private": "eyJlMmJmYjczMC1lY2FhLTExZTYtOGY4OC0zNDM2M2JjN2M0YzAiOnsiY3JlYXRlIjo2MDAwMDAwMDAwMDAsImRlbGV0ZSI6MTIwMDAwMDAwMDAwMH0sInNjaGVtYV92ZXJzaW9uIjoiMSJ9",
          "dependencies": [
            "module.vpc.aws_vpc.this",
            "module.vpc.aws_vpc_ipv4_cidr_block_association.this"
          ]
        },
        {
          "index_key": 3,
          "schema_version": 1,
          "attributes": {
            "arn": "arn:aws:ec2:us-east-1:732230631636:subnet/subnet-06c8eff87e4c895ac",
            "assign_ipv6_address_on_creation": false,
            "availability_zone": "us-east-1d",
            "availability_zone_id": "use1-az6",
            "cidr_block": "172.23.100.0/22",
            "customer_owned_ipv4_pool": "",
            "enable_dns64": false,
            "enable_resource_name_dns_a_record_on_launch": false,
            "enable_resource_name_dns_aaaa_record_on_launch": false,
            "id": "subnet-06c8eff87e4c895ac",
            "ipv6_cidr_block": "",
            "ipv6_cidr_block_association_id": "",
            "ipv6_native": false,
            "map_customer_owned_ip_on_launch": false,
            "map_public_ip_on_launch": true,
            "outpost_arn": "",
            "owner_id": "732230631636",
            "private_dns_hostname_type_on_launch": "ip-name",
            "tags": {
              "Name": "caldera-test_public"
            },
            "tags_all": {
              "Name": "caldera-test_public"
            },
            "timeouts": null,
            "vpc_id": "vpc-0a1c254202efa6370"
          },
          "sensitive_attributes": [],
          "private": "eyJlMmJmYjczMC1lY2FhLTExZTYtOGY4OC0zNDM2M2JjN2M0YzAiOnsiY3JlYXRlIjo2MDAwMDAwMDAwMDAsImRlbGV0ZSI6MTIwMDAwMDAwMDAwMH0sInNjaGVtYV92ZXJzaW9uIjoiMSJ9",
          "dependencies": [
            "module.vpc.aws_vpc.this",
            "module.vpc.aws_vpc_ipv4_cidr_block_association.this"
          ]
        },
        {
          "index_key": 4,
          "schema_version": 1,
          "attributes": {
            "arn": "arn:aws:ec2:us-east-1:732230631636:subnet/subnet-0e952d9d93262656e",
            "assign_ipv6_address_on_creation": false,
            "availability_zone": "us-east-1f",
            "availability_zone_id": "use1-az5",
            "cidr_block": "172.23.164.0/22",
            "customer_owned_ipv4_pool": "",
            "enable_dns64": false,
            "enable_resource_name_dns_a_record_on_launch": false,
            "enable_resource_name_dns_aaaa_record_on_launch": false,
            "id": "subnet-0e952d9d93262656e",
            "ipv6_cidr_block": "",
            "ipv6_cidr_block_association_id": "",
            "ipv6_native": false,
            "map_customer_owned_ip_on_launch": false,
            "map_public_ip_on_launch": true,
            "outpost_arn": "",
            "owner_id": "732230631636",
            "private_dns_hostname_type_on_launch": "ip-name",
            "tags": {
              "Name": "caldera-test_public"
            },
            "tags_all": {
              "Name": "caldera-test_public"
            },
            "timeouts": null,
            "vpc_id": "vpc-0a1c254202efa6370"
          },
          "sensitive_attributes": [],
          "private": "eyJlMmJmYjczMC1lY2FhLTExZTYtOGY4OC0zNDM2M2JjN2M0YzAiOnsiY3JlYXRlIjo2MDAwMDAwMDAwMDAsImRlbGV0ZSI6MTIwMDAwMDAwMDAwMH0sInNjaGVtYV92ZXJzaW9uIjoiMSJ9",
          "dependencies": [
            "module.vpc.aws_vpc.this",
            "module.vpc.aws_vpc_ipv4_cidr_block_association.this"
          ]
        }
      ]
    },
    {
      "module": "module.vpc",
      "mode": "managed",
      "type": "aws_vpc",
      "name": "this",
      "provider": "provider[\"registry.terraform.io/hashicorp/aws\"]",
      "instances": [
        {
          "index_key": 0,
          "schema_version": 1,
          "attributes": {
            "arn": "arn:aws:ec2:us-east-1:732230631636:vpc/vpc-0a1c254202efa6370",
            "assign_generated_ipv6_cidr_block": false,
            "cidr_block": "172.23.0.0/16",
            "default_network_acl_id": "acl-0eb2b401fa07a758b",
            "default_route_table_id": "rtb-03b511e017d287d8e",
            "default_security_group_id": "sg-07174d7a695726837",
            "dhcp_options_id": "dopt-08684a7977caec4bb",
            "enable_classiclink": false,
            "enable_classiclink_dns_support": false,
            "enable_dns_hostnames": true,
            "enable_dns_support": true,
            "id": "vpc-0a1c254202efa6370",
            "instance_tenancy": "default",
            "ipv4_ipam_pool_id": null,
            "ipv4_netmask_length": null,
            "ipv6_association_id": "",
            "ipv6_cidr_block": "",
            "ipv6_cidr_block_network_border_group": "",
            "ipv6_ipam_pool_id": "",
            "ipv6_netmask_length": 0,
            "main_route_table_id": "rtb-03b511e017d287d8e",
            "owner_id": "732230631636",
            "tags": {
              "Name": "VPC"
            },
            "tags_all": {
              "Name": "VPC"
            }
          },
          "sensitive_attributes": [],
          "private": "eyJzY2hlbWFfdmVyc2lvbiI6IjEifQ=="
        }
      ]
    }
  ]
}
