{
  "version": 4,
  "terraform_version": "1.2.4",
  "serial": 33,
  "lineage": "f7435abb-6a9e-875e-2f68-6a06687b3a50",
  "outputs": {
    "caldera_server_id": {
      "value": "i-01686279bb8235e70",
      "type": "string"
    },
    "caldera_server_ip": {
      "value": "54.196.90.95",
      "type": "string"
    },
    "rsa_private_key": {
      "value": "-----BEGIN RSA PRIVATE KEY-----\nMIIJJwIBAAKCAgEArh2pdlrW6zMbVINjHJG1VEOKoCLhBuerX1YqOWo7LSV9WpTq\nrLna5oRXZe6SAki8Ae5SJU2Q2ScraqLy56EJu3uFEJ1ittubjnZc4/RWyWLfwhAy\nnLYwiVkApGgIc2E1cjl2q+DlnxY5/1tXi2mxZB1Uge33+Mh2VjmK/8GI5pe+HBpk\njMYMcemDFxAXHAjGyjjVbK9w0lhV1WTdsyRKlXK/ANiAhjhnFR/l12HeixGTow+0\n9jYWMdiWundl4YWUF1UfW+9/+edRKKl1jwTH3Lwr4pzExIuRnGeJ5WFk08xrzDjL\n0owzI5eq7GYBqGzvcteoXDCqzJUm3DCK7BAmgDAGo6Wn1mxeOTbb8RCUuo+6+WV+\n+P8EZ+Rk6Rx1auMXBzoXbc9bPXKnXnJqSNctcYEBhnIMKAFwK2ABvfDwhlySr4/M\ni1jT9jrTIR8yWTOfxGtP9kql8c8UCOgiRzMsTMJo18zUcqj94HCHZ+Uf0mF/cAwN\nif6BvBtehOnj91SJTkbbBpKWB3vLHh9Mehk5Yg1BJQQoFLvKE8Qn9HrRpcsfj4Lr\nTPobGGasHG6oKZ/p7YHMdMfmcvkIaa2Smq2e5H1K4x7RnnSuYwUYpGMBw8CFMZ4a\nFV025uklnWAFW9SnK2hNq1gdDxFC3idY7xhjOk/o0t80c6b3agqN8JQ9i9MCAwEA\nAQKCAgBiI/385D7325qwDE61L7wRfvCISqCkD7kcx6iNLD+mttbtU7rjGO81t6q7\nnblW6EBwpjBPLmVSwS1LsgVQYgjmUD00nEGj6CzKJBU/t92jLcQJ0q90fYzmHfCq\nuqjowAYsGA+32dAT16dhM88oma6PS6jyg3ueEwAAofajKidMMoPJu2apoogpPQHS\n4hLkjl3eZiKGXG0vYvMekPgVnYMcsczPYTkwbmJMGeqneFbD9GhPJO9PSDVCa16q\nQ9p9P5m1fRlr7Jcp+SRZ0wqcTomI9deWp96RGko86m9jh34Zk8O/HNRmHPhGO5rw\nHJ8anCxrgvs224eqQPfibMohPQk1kc9ql/DR36D/svuvFTlhd5nYFnSmgXdbQ1Ol\nWXLvkxo5yJ0XrwIAWHEpGrGDtjFFQBclXqvjupmfVrao5rskk/vkE2y8KNqNPXUc\nw40RsyZsJqDg3YatBbcB0kUHb8c7znExAAPrQ7CXwtGc90JtSpkyorZeEK9dRjld\nKNJ1oGnuj5Y2o4rJu996CxnX1uTamVvRxW+alv41LBbiO3S7p1TTjt4dDwuBQDn+\nJqpnyU4RIsEKHQt+fkkBk54XVk+YWlU0nnGxcGWDB4MloqMWoMBfpN6uvV6tFT4O\n5ff3aq05IxC6kA0wDaiKSfMLOLPhu9V5PiMiTDq2Ik70mX85AQKCAQEAzwYclxBu\n2opG4zB1p9hq07+apy53cN+/aUTw+G+pKHM5M7DozG7IoWO1as3cV/O6AngjvtPD\n75zDTM9bN0tV0Xz2p6btlYD0JaE67j6SXvUnkwBER6AIq95DZBevQMjXQi8R596V\nFoN9GIW4i1S/QGXmSc2vsqL/cRk2wxoy9M4qcbt1zp3UtwoA0fk3AdYz0MTDeT5e\nTi1fxTaxNzyup151gUjGM9J06Dn6gf3h3cq4AX4lIb4YHCFBUlEFdt7AJW2IkOUi\nkkQw5WbnH3/Ofwxy3ZW9nq6sC2s6xjerF2M/g6mpFys8B38e/vLLvH4OQ7h9TP8V\n+TPIWFUFQQrnYQKCAQEA106O7yHwj9cAIb/Qj4N3LIhNzdU5zLIch1RbSjEazxzo\n+j0oiOLCMk3EgHuHzcdmmJdf1Q71qzjvC12h6ydtCSevUfqKkb2wuQHtVqrVxUfZ\nUvfL+CjneLpczl5MSqkDTtkrpgAgjEUHl7L1ujW2UENVD/+zqQ6RtwEBhDyuCfdp\nZpiF2/AfbclOdei2GWDlrRH+ywVu3PzyrxtMgafSU4N8f/lR/IdzmDQa4P2suATN\nUkZLOh6EbneqjlHjzI9rGcJ40+b+/Q/GbAyux/rBeYeZw5sFW7LDnM/zacWA0dt4\nryeWXA6gGHrsy+LRQJGiB1DCiyoxBnaUYhooKyujswKCAQAbaA+43/AM9mlUAkJR\nKhFaXu82WqxtQPGyGfJcsUuPk1FrSmxHRBNDalPGA+K7sgRZ91WkGZzCx9oC/SBy\nPYLq7MQqharGNAAeSy3mBFqUP5gxmcNwR/td5Vq+kXQd+3ijxl90dr798AJLkMhR\nibKX7+WAt74ew/1VF6VsRregOPrde5eo9rQGV0isg3WIxLavWJ0YG+2YI+Gd1hO3\n4Eyu045ywxOaIK5hX+uN8fJIzmF1sSFxSh0e/DgNkbRLfEmrqsh9hhgBjQ18ERdf\n0CeiIh/CveQQccdM67EoNI5t1jG+WGOOMacMxwNvdO0L0xRIWtAbtVlPWE+Zggfk\nCHGBAoIBAHpH9qvf5cV7wWppi2UGsFeNbkrZsAMOoV9GzLY9X1GDxNnihDQCPXLe\nchzai82WUzGUv2u9HE/LfRBCdGSetrF9ZXg0yCBv0H+ylX4kdlaeMNKLQ7/EU3pg\ntbbLHZ9FkEhm1QBpkBK6Xc6NaDwCp3G8XAJDImGAkceS/a6B3AJzDtyjAVthbCgp\nLbOPoGSXgLojv0bE5isCSj6jTXdRvgWKZtoz2pmGwGMQLLfduwukRoxUugLfNC2d\nLzO3VJ5oUdaGeaM3zVgibnoNVfLj+qAwIGdUkt16kNhtznwjHL+TW153KFFOSSS+\nI+DECD4YuCJZfrQVGVTnYey5mFi0ZzsCggEAT76uBEysj/Gy4u14P48WUBXeGsZg\nJfjZoropfXOcQ0eMJGl/1CMUNQXKWHzgDmw34OjTej2+Wj8S3ht1Dtp6RtNCgbpN\n+tlYuxFPFNmWa04QVOzOfOTzv/DjOGwomJK9IUTUcNjLnzd8DjWbEvYYXan/h3y7\nU8anmyH6s0OMundwrVWAFG5QL6yq5hp0UcmlMrOecr801UMo3JL4//rDNHbadfMf\n9w/ctnEgyXDayY26sQSUq4CkI93Bb4TUcFLwhGlqqqYc3JLhyUA2326XRiobFIJB\n0vyfanQxl/O4JbIchOR3Y7t6K5kAZTtVznq3//v2zwMJYesxAswoFItO0g==\n-----END RSA PRIVATE KEY-----\n",
      "type": "string"
    }
  },
  "resources": [
    {
      "mode": "managed",
      "type": "aws_instance",
      "name": "caldera_server",
      "provider": "provider[\"registry.terraform.io/hashicorp/aws\"]",
      "instances": [
        {
          "schema_version": 1,
          "attributes": {
            "ami": "ami-09d56f8956ab235b3",
            "arn": "arn:aws:ec2:us-east-1:857120324933:instance/i-01686279bb8235e70",
            "associate_public_ip_address": true,
            "availability_zone": "us-east-1a",
            "capacity_reservation_specification": [
              {
                "capacity_reservation_preference": "open",
                "capacity_reservation_target": []
              }
            ],
            "cpu_core_count": 1,
            "cpu_threads_per_core": 2,
            "credit_specification": [
              {
                "cpu_credits": "unlimited"
              }
            ],
            "disable_api_stop": false,
            "disable_api_termination": false,
            "ebs_block_device": [],
            "ebs_optimized": false,
            "enclave_options": [
              {
                "enabled": false
              }
            ],
            "ephemeral_block_device": [],
            "get_password_data": false,
            "hibernation": false,
            "host_id": null,
            "iam_instance_profile": "",
            "id": "i-01686279bb8235e70",
            "instance_initiated_shutdown_behavior": "stop",
            "instance_state": "running",
            "instance_type": "t3.medium",
            "ipv6_address_count": 0,
            "ipv6_addresses": [],
            "key_name": "caldera-nodes",
            "launch_template": [],
            "maintenance_options": [
              {
                "auto_recovery": "default"
              }
            ],
            "metadata_options": [
              {
                "http_endpoint": "enabled",
                "http_put_response_hop_limit": 1,
                "http_tokens": "optional",
                "instance_metadata_tags": "disabled"
              }
            ],
            "monitoring": false,
            "network_interface": [],
            "outpost_arn": "",
            "password_data": "",
            "placement_group": "",
            "placement_partition_number": null,
            "primary_network_interface_id": "eni-082f14cf38fad6214",
            "private_dns": "ip-172-23-4-95.ec2.internal",
            "private_dns_name_options": [
              {
                "enable_resource_name_dns_a_record": false,
                "enable_resource_name_dns_aaaa_record": false,
                "hostname_type": "ip-name"
              }
            ],
            "private_ip": "172.23.4.95",
            "public_dns": "ec2-54-196-90-95.compute-1.amazonaws.com",
            "public_ip": "54.196.90.95",
            "root_block_device": [
              {
                "delete_on_termination": true,
                "device_name": "/dev/sda1",
                "encrypted": false,
                "iops": 100,
                "kms_key_id": "",
                "tags": {},
                "throughput": 0,
                "volume_id": "vol-049b37dd38bf32f53",
                "volume_size": 8,
                "volume_type": "gp2"
              }
            ],
            "secondary_private_ips": [],
            "security_groups": [],
            "source_dest_check": true,
            "subnet_id": "subnet-049ac0c28de32dea1",
            "tags": {
              "Name": "caldera_server",
              "environment": "caldera-test"
            },
            "tags_all": {
              "Name": "caldera_server",
              "environment": "caldera-test"
            },
            "tenancy": "default",
            "timeouts": null,
            "user_data": null,
            "user_data_base64": null,
            "user_data_replace_on_change": false,
            "volume_tags": null,
            "vpc_security_group_ids": [
              "sg-07921d966e818a249"
            ]
          },
          "sensitive_attributes": [],
          "private": "eyJlMmJmYjczMC1lY2FhLTExZTYtOGY4OC0zNDM2M2JjN2M0YzAiOnsiY3JlYXRlIjo2MDAwMDAwMDAwMDAsImRlbGV0ZSI6MTIwMDAwMDAwMDAwMCwidXBkYXRlIjo2MDAwMDAwMDAwMDB9LCJzY2hlbWFfdmVyc2lvbiI6IjEifQ==",
          "dependencies": [
            "aws_security_group.sg_caldera_server",
            "module.aws_rsa_key.aws_key_pair.worker",
            "module.aws_rsa_key.local_file.ssh_local",
            "module.aws_rsa_key.tls_private_key.ssh_key",
            "module.vpc.aws_cloudwatch_log_group.flow_log",
            "module.vpc.aws_customer_gateway.this",
            "module.vpc.aws_db_subnet_group.database",
            "module.vpc.aws_default_network_acl.this",
            "module.vpc.aws_default_route_table.default",
            "module.vpc.aws_default_security_group.this",
            "module.vpc.aws_default_vpc.this",
            "module.vpc.aws_egress_only_internet_gateway.this",
            "module.vpc.aws_eip.nat",
            "module.vpc.aws_elasticache_subnet_group.elasticache",
            "module.vpc.aws_flow_log.this",
            "module.vpc.aws_iam_policy.vpc_flow_log_cloudwatch",
            "module.vpc.aws_iam_role.vpc_flow_log_cloudwatch",
            "module.vpc.aws_iam_role_policy_attachment.vpc_flow_log_cloudwatch",
            "module.vpc.aws_internet_gateway.this",
            "module.vpc.aws_nat_gateway.this",
            "module.vpc.aws_network_acl.database",
            "module.vpc.aws_network_acl.elasticache",
            "module.vpc.aws_network_acl.intra",
            "module.vpc.aws_network_acl.outpost",
            "module.vpc.aws_network_acl.private",
            "module.vpc.aws_network_acl.public",
            "module.vpc.aws_network_acl.redshift",
            "module.vpc.aws_network_acl_rule.database_inbound",
            "module.vpc.aws_network_acl_rule.database_outbound",
            "module.vpc.aws_network_acl_rule.elasticache_inbound",
            "module.vpc.aws_network_acl_rule.elasticache_outbound",
            "module.vpc.aws_network_acl_rule.intra_inbound",
            "module.vpc.aws_network_acl_rule.intra_outbound",
            "module.vpc.aws_network_acl_rule.outpost_inbound",
            "module.vpc.aws_network_acl_rule.outpost_outbound",
            "module.vpc.aws_network_acl_rule.private_inbound",
            "module.vpc.aws_network_acl_rule.private_outbound",
            "module.vpc.aws_network_acl_rule.public_inbound",
            "module.vpc.aws_network_acl_rule.public_outbound",
            "module.vpc.aws_network_acl_rule.redshift_inbound",
            "module.vpc.aws_network_acl_rule.redshift_outbound",
            "module.vpc.aws_redshift_subnet_group.redshift",
            "module.vpc.aws_route.database_internet_gateway",
            "module.vpc.aws_route.database_ipv6_egress",
            "module.vpc.aws_route.database_nat_gateway",
            "module.vpc.aws_route.private_ipv6_egress",
            "module.vpc.aws_route.private_nat_gateway",
            "module.vpc.aws_route.public_internet_gateway",
            "module.vpc.aws_route.public_internet_gateway_ipv6",
            "module.vpc.aws_route_table.database",
            "module.vpc.aws_route_table.elasticache",
            "module.vpc.aws_route_table.intra",
            "module.vpc.aws_route_table.private",
            "module.vpc.aws_route_table.public",
            "module.vpc.aws_route_table.redshift",
            "module.vpc.aws_route_table_association.database",
            "module.vpc.aws_route_table_association.elasticache",
            "module.vpc.aws_route_table_association.intra",
            "module.vpc.aws_route_table_association.outpost",
            "module.vpc.aws_route_table_association.private",
            "module.vpc.aws_route_table_association.public",
            "module.vpc.aws_route_table_association.redshift",
            "module.vpc.aws_route_table_association.redshift_public",
            "module.vpc.aws_subnet.database",
            "module.vpc.aws_subnet.elasticache",
            "module.vpc.aws_subnet.intra",
            "module.vpc.aws_subnet.outpost",
            "module.vpc.aws_subnet.private",
            "module.vpc.aws_subnet.public",
            "module.vpc.aws_subnet.redshift",
            "module.vpc.aws_vpc.this",
            "module.vpc.aws_vpc_dhcp_options.this",
            "module.vpc.aws_vpc_dhcp_options_association.this",
            "module.vpc.aws_vpc_ipv4_cidr_block_association.this",
            "module.vpc.aws_vpn_gateway.this",
            "module.vpc.aws_vpn_gateway_attachment.this",
            "module.vpc.aws_vpn_gateway_route_propagation.intra",
            "module.vpc.aws_vpn_gateway_route_propagation.private",
            "module.vpc.aws_vpn_gateway_route_propagation.public",
            "module.vpc.data.aws_iam_policy_document.flow_log_cloudwatch_assume_role",
            "module.vpc.data.aws_iam_policy_document.vpc_flow_log_cloudwatch"
          ]
        }
      ]
    },
    {
      "mode": "managed",
      "type": "aws_security_group",
      "name": "sg_caldera_server",
      "provider": "provider[\"registry.terraform.io/hashicorp/aws\"]",
      "instances": [
        {
          "schema_version": 1,
          "attributes": {
            "arn": "arn:aws:ec2:us-east-1:857120324933:security-group/sg-07921d966e818a249",
            "description": "Allow ports for caldera server",
            "egress": [
              {
                "cidr_blocks": [
                  "0.0.0.0/0"
                ],
                "description": "",
                "from_port": 0,
                "ipv6_cidr_blocks": [],
                "prefix_list_ids": [],
                "protocol": "-1",
                "security_groups": [],
                "self": false,
                "to_port": 0
              }
            ],
            "id": "sg-07921d966e818a249",
            "ingress": [
              {
                "cidr_blocks": [
                  "0.0.0.0/0"
                ],
                "description": "Caldera server port",
                "from_port": 2288,
                "ipv6_cidr_blocks": [],
                "prefix_list_ids": [],
                "protocol": "tcp",
                "security_groups": [],
                "self": false,
                "to_port": 2288
              },
              {
                "cidr_blocks": [
                  "0.0.0.0/0"
                ],
                "description": "SSH from VPC",
                "from_port": 22,
                "ipv6_cidr_blocks": [],
                "prefix_list_ids": [],
                "protocol": "tcp",
                "security_groups": [],
                "self": false,
                "to_port": 22
              }
            ],
            "name": "sg_caldera_server",
            "name_prefix": "",
            "owner_id": "857120324933",
            "revoke_rules_on_delete": false,
            "tags": {
              "environment": "caldera-test"
            },
            "tags_all": {
              "environment": "caldera-test"
            },
            "timeouts": null,
            "vpc_id": "vpc-0ddcddca4d8dbbfd6"
          },
          "sensitive_attributes": [],
          "private": "eyJlMmJmYjczMC1lY2FhLTExZTYtOGY4OC0zNDM2M2JjN2M0YzAiOnsiY3JlYXRlIjo2MDAwMDAwMDAwMDAsImRlbGV0ZSI6OTAwMDAwMDAwMDAwfSwic2NoZW1hX3ZlcnNpb24iOiIxIn0=",
          "dependencies": [
            "module.vpc.aws_vpc.this"
          ]
        }
      ]
    },
    {
      "module": "module.aws_rsa_key",
      "mode": "managed",
      "type": "aws_key_pair",
      "name": "worker",
      "provider": "provider[\"registry.terraform.io/hashicorp/aws\"]",
      "instances": [
        {
          "schema_version": 1,
          "attributes": {
            "arn": "arn:aws:ec2:us-east-1:857120324933:key-pair/caldera-nodes",
            "fingerprint": "67:dc:61:bb:da:49:f8:10:c3:99:55:ab:1b:96:9a:1a",
            "id": "caldera-nodes",
            "key_name": "caldera-nodes",
            "key_name_prefix": "",
            "key_pair_id": "key-0edc446ed7b351c2f",
            "key_type": "rsa",
            "public_key": "ssh-rsa AAAAB3NzaC1yc2EAAAADAQABAAACAQCuHal2WtbrMxtUg2MckbVUQ4qgIuEG56tfVio5ajstJX1alOqsudrmhFdl7pICSLwB7lIlTZDZJytqovLnoQm7e4UQnWK225uOdlzj9FbJYt/CEDKctjCJWQCkaAhzYTVyOXar4OWfFjn/W1eLabFkHVSB7ff4yHZWOYr/wYjml74cGmSMxgxx6YMXEBccCMbKONVsr3DSWFXVZN2zJEqVcr8A2ICGOGcVH+XXYd6LEZOjD7T2NhYx2Ja6d2XhhZQXVR9b73/551EoqXWPBMfcvCvinMTEi5GcZ4nlYWTTzGvMOMvSjDMjl6rsZgGobO9y16hcMKrMlSbcMIrsECaAMAajpafWbF45NtvxEJS6j7r5ZX74/wRn5GTpHHVq4xcHOhdtz1s9cqdecmpI1y1xgQGGcgwoAXArYAG98PCGXJKvj8yLWNP2OtMhHzJZM5/Ea0/2SqXxzxQI6CJHMyxMwmjXzNRyqP3gcIdn5R/SYX9wDA2J/oG8G16E6eP3VIlORtsGkpYHe8seH0x6GTliDUElBCgUu8oTxCf0etGlyx+PgutM+hsYZqwcbqgpn+ntgcx0x+Zy+QhprZKarZ7kfUrjHtGedK5jBRikYwHDwIUxnhoVXTbm6SWdYAVb1KcraE2rWB0PEULeJ1jvGGM6T+jS3zRzpvdqCo3wlD2L0w==",
            "tags": null,
            "tags_all": {}
          },
          "sensitive_attributes": [],
          "private": "eyJzY2hlbWFfdmVyc2lvbiI6IjEifQ==",
          "dependencies": [
            "module.aws_rsa_key.tls_private_key.ssh_key",
            "module.vpc.aws_cloudwatch_log_group.flow_log",
            "module.vpc.aws_customer_gateway.this",
            "module.vpc.aws_db_subnet_group.database",
            "module.vpc.aws_default_network_acl.this",
            "module.vpc.aws_default_route_table.default",
            "module.vpc.aws_default_security_group.this",
            "module.vpc.aws_default_vpc.this",
            "module.vpc.aws_egress_only_internet_gateway.this",
            "module.vpc.aws_eip.nat",
            "module.vpc.aws_elasticache_subnet_group.elasticache",
            "module.vpc.aws_flow_log.this",
            "module.vpc.aws_iam_policy.vpc_flow_log_cloudwatch",
            "module.vpc.aws_iam_role.vpc_flow_log_cloudwatch",
            "module.vpc.aws_iam_role_policy_attachment.vpc_flow_log_cloudwatch",
            "module.vpc.aws_internet_gateway.this",
            "module.vpc.aws_nat_gateway.this",
            "module.vpc.aws_network_acl.database",
            "module.vpc.aws_network_acl.elasticache",
            "module.vpc.aws_network_acl.intra",
            "module.vpc.aws_network_acl.outpost",
            "module.vpc.aws_network_acl.private",
            "module.vpc.aws_network_acl.public",
            "module.vpc.aws_network_acl.redshift",
            "module.vpc.aws_network_acl_rule.database_inbound",
            "module.vpc.aws_network_acl_rule.database_outbound",
            "module.vpc.aws_network_acl_rule.elasticache_inbound",
            "module.vpc.aws_network_acl_rule.elasticache_outbound",
            "module.vpc.aws_network_acl_rule.intra_inbound",
            "module.vpc.aws_network_acl_rule.intra_outbound",
            "module.vpc.aws_network_acl_rule.outpost_inbound",
            "module.vpc.aws_network_acl_rule.outpost_outbound",
            "module.vpc.aws_network_acl_rule.private_inbound",
            "module.vpc.aws_network_acl_rule.private_outbound",
            "module.vpc.aws_network_acl_rule.public_inbound",
            "module.vpc.aws_network_acl_rule.public_outbound",
            "module.vpc.aws_network_acl_rule.redshift_inbound",
            "module.vpc.aws_network_acl_rule.redshift_outbound",
            "module.vpc.aws_redshift_subnet_group.redshift",
            "module.vpc.aws_route.database_internet_gateway",
            "module.vpc.aws_route.database_ipv6_egress",
            "module.vpc.aws_route.database_nat_gateway",
            "module.vpc.aws_route.private_ipv6_egress",
            "module.vpc.aws_route.private_nat_gateway",
            "module.vpc.aws_route.public_internet_gateway",
            "module.vpc.aws_route.public_internet_gateway_ipv6",
            "module.vpc.aws_route_table.database",
            "module.vpc.aws_route_table.elasticache",
            "module.vpc.aws_route_table.intra",
            "module.vpc.aws_route_table.private",
            "module.vpc.aws_route_table.public",
            "module.vpc.aws_route_table.redshift",
            "module.vpc.aws_route_table_association.database",
            "module.vpc.aws_route_table_association.elasticache",
            "module.vpc.aws_route_table_association.intra",
            "module.vpc.aws_route_table_association.outpost",
            "module.vpc.aws_route_table_association.private",
            "module.vpc.aws_route_table_association.public",
            "module.vpc.aws_route_table_association.redshift",
            "module.vpc.aws_route_table_association.redshift_public",
            "module.vpc.aws_subnet.database",
            "module.vpc.aws_subnet.elasticache",
            "module.vpc.aws_subnet.intra",
            "module.vpc.aws_subnet.outpost",
            "module.vpc.aws_subnet.private",
            "module.vpc.aws_subnet.public",
            "module.vpc.aws_subnet.redshift",
            "module.vpc.aws_vpc.this",
            "module.vpc.aws_vpc_dhcp_options.this",
            "module.vpc.aws_vpc_dhcp_options_association.this",
            "module.vpc.aws_vpc_ipv4_cidr_block_association.this",
            "module.vpc.aws_vpn_gateway.this",
            "module.vpc.aws_vpn_gateway_attachment.this",
            "module.vpc.aws_vpn_gateway_route_propagation.intra",
            "module.vpc.aws_vpn_gateway_route_propagation.private",
            "module.vpc.aws_vpn_gateway_route_propagation.public",
            "module.vpc.data.aws_iam_policy_document.flow_log_cloudwatch_assume_role",
            "module.vpc.data.aws_iam_policy_document.vpc_flow_log_cloudwatch"
          ]
        }
      ]
    },
    {
      "module": "module.aws_rsa_key",
      "mode": "managed",
      "type": "tls_private_key",
      "name": "ssh_key",
      "provider": "provider[\"registry.terraform.io/hashicorp/tls\"]",
      "instances": [
        {
          "schema_version": 1,
          "attributes": {
            "algorithm": "RSA",
            "ecdsa_curve": "P224",
            "id": "13b698c0651c9cf9c664ff0894cf2784ac08d9c9",
            "private_key_openssh": "-----BEGIN OPENSSH PRIVATE KEY-----\nb3BlbnNzaC1rZXktdjEAAAAABG5vbmUAAAAEbm9uZQAAAAAAAAABAAACFwAAAAdz\nc2gtcnNhAAAAAwEAAQAAAgEArh2pdlrW6zMbVINjHJG1VEOKoCLhBuerX1YqOWo7\nLSV9WpTqrLna5oRXZe6SAki8Ae5SJU2Q2ScraqLy56EJu3uFEJ1ittubjnZc4/RW\nyWLfwhAynLYwiVkApGgIc2E1cjl2q+DlnxY5/1tXi2mxZB1Uge33+Mh2VjmK/8GI\n5pe+HBpkjMYMcemDFxAXHAjGyjjVbK9w0lhV1WTdsyRKlXK/ANiAhjhnFR/l12He\nixGTow+09jYWMdiWundl4YWUF1UfW+9/+edRKKl1jwTH3Lwr4pzExIuRnGeJ5WFk\n08xrzDjL0owzI5eq7GYBqGzvcteoXDCqzJUm3DCK7BAmgDAGo6Wn1mxeOTbb8RCU\nuo+6+WV++P8EZ+Rk6Rx1auMXBzoXbc9bPXKnXnJqSNctcYEBhnIMKAFwK2ABvfDw\nhlySr4/Mi1jT9jrTIR8yWTOfxGtP9kql8c8UCOgiRzMsTMJo18zUcqj94HCHZ+Uf\n0mF/cAwNif6BvBtehOnj91SJTkbbBpKWB3vLHh9Mehk5Yg1BJQQoFLvKE8Qn9HrR\npcsfj4LrTPobGGasHG6oKZ/p7YHMdMfmcvkIaa2Smq2e5H1K4x7RnnSuYwUYpGMB\nw8CFMZ4aFV025uklnWAFW9SnK2hNq1gdDxFC3idY7xhjOk/o0t80c6b3agqN8JQ9\ni9MAAAc41Esh8NRLIfAAAAAHc3NoLXJzYQAAAgEArh2pdlrW6zMbVINjHJG1VEOK\noCLhBuerX1YqOWo7LSV9WpTqrLna5oRXZe6SAki8Ae5SJU2Q2ScraqLy56EJu3uF\nEJ1ittubjnZc4/RWyWLfwhAynLYwiVkApGgIc2E1cjl2q+DlnxY5/1tXi2mxZB1U\nge33+Mh2VjmK/8GI5pe+HBpkjMYMcemDFxAXHAjGyjjVbK9w0lhV1WTdsyRKlXK/\nANiAhjhnFR/l12HeixGTow+09jYWMdiWundl4YWUF1UfW+9/+edRKKl1jwTH3Lwr\n4pzExIuRnGeJ5WFk08xrzDjL0owzI5eq7GYBqGzvcteoXDCqzJUm3DCK7BAmgDAG\no6Wn1mxeOTbb8RCUuo+6+WV++P8EZ+Rk6Rx1auMXBzoXbc9bPXKnXnJqSNctcYEB\nhnIMKAFwK2ABvfDwhlySr4/Mi1jT9jrTIR8yWTOfxGtP9kql8c8UCOgiRzMsTMJo\n18zUcqj94HCHZ+Uf0mF/cAwNif6BvBtehOnj91SJTkbbBpKWB3vLHh9Mehk5Yg1B\nJQQoFLvKE8Qn9HrRpcsfj4LrTPobGGasHG6oKZ/p7YHMdMfmcvkIaa2Smq2e5H1K\n4x7RnnSuYwUYpGMBw8CFMZ4aFV025uklnWAFW9SnK2hNq1gdDxFC3idY7xhjOk/o\n0t80c6b3agqN8JQ9i9MAAAADAQABAAACAGIj/fzkPvfbmrAMTrUvvBF+8IhKoKQP\nuRzHqI0sP6a21u1TuuMY7zW3qruduVboQHCmME8uZVLBLUuyBVBiCOZQPTScQaPo\nLMokFT+33aMtxAnSr3R9jOYd8Kq6qOjABiwYD7fZ0BPXp2EzzyiZro9LqPKDe54T\nAACh9qMqJ0wyg8m7ZqmiiCk9AdLiEuSOXd5mIoZcbS9i8x6Q+BWdgxyxzM9hOTBu\nYkwZ6qd4VsP0aE8k709INUJrXqpD2n0/mbV9GWvslyn5JFnTCpxOiYj115an3pEa\nSjzqb2OHfhmTw78c1GYc+EY7mvAcnxqcLGuC+zbbh6pA9+JsyiE9CTWRz2qX8NHf\noP+y+68VOWF3mdgWdKaBd1tDU6VZcu+TGjnInRevAgBYcSkasYO2MUVAFyVeq+O6\nmZ9WtqjmuyST++QTbLwo2o09dRzDjRGzJmwmoODdhq0FtwHSRQdvxzvOcTEAA+tD\nsJfC0Zz3Qm1KmTKitl4Qr11GOV0o0nWgae6Pljajism733oLGdfW5NqZW9HFb5qW\n/jUsFuI7dLunVNOO3h0PC4FAOf4mqmfJThEiwQodC35+SQGTnhdWT5haVTSecbFw\nZYMHgyWioxagwF+k3q69Xq0VPg7l9/dqrTkjELqQDTANqIpJ8ws4s+G71Xk+IyJM\nOrYiTvSZfzkBAAABAE++rgRMrI/xsuLteD+PFlAV3hrGYCX42aK6KX1znENHjCRp\nf9QjFDUFylh84A5sN+Do03o9vlo/Et4bdQ7aekbTQoG6TfrZWLsRTxTZlmtOEFTs\nznzk87/w4zhsKJiSvSFE1HDYy583fA41mxL2GF2p/4d8u1PGp5sh+rNDjLp3cK1V\ngBRuUC+squYadFHJpTKznnK/NNVDKNyS+P/6wzR22nXzH/cP3LZxIMlw2smNurEE\nlKuApCPdwW+E1HBS8IRpaqqmHNyS4clANt9ul0YqGxSCQdL8n2p0MZfzuCWyHITk\nd2O7eiuZAGU7Vc56t//79s8DCWHrMQLMKBSLTtIAAAEBAM8GHJcQbtqKRuMwdafY\natO/mqcud3Dfv2lE8PhvqShzOTOw6MxuyKFjtWrN3FfzugJ4I77Tw++cw0zPWzdL\nVdF89qem7ZWA9CWhOu4+kl71J5MAREegCKveQ2QXr0DI10IvEefelRaDfRiFuItU\nv0Bl5knNr7Ki/3EZNsMaMvTOKnG7dc6d1LcKANH5NwHWM9DEw3k+Xk4tX8U2sTc8\nrqdedYFIxjPSdOg5+oH94d3KuAF+JSG+GBwhQVJRBXbewCVtiJDlIpJEMOVm5x9/\nzn8Mct2VvZ6urAtrOsY3qxdjP4OpqRcrPAd/Hv7yy7x+DkO4fUz/FfkzyFhVBUEK\n52EAAAEBANdOju8h8I/XACG/0I+DdyyITc3VOcyyHIdUW0oxGs8c6Po9KIjiwjJN\nxIB7h83HZpiXX9UO9as47wtdoesnbQknr1H6ipG9sLkB7Vaq1cVH2VL3y/go53i6\nXM5eTEqpA07ZK6YAIIxFB5ey9bo1tlBDVQ//s6kOkbcBAYQ8rgn3aWaYhdvwH23J\nTnXothlg5a0R/ssFbtz88q8bTIGn0lODfH/5UfyHc5g0GuD9rLgEzVJGSzoehG53\nqo5R48yPaxnCeNPm/v0PxmwMrsf6wXmHmcObBVuyw5zP82nFgNHbeK8nllwOoBh6\n7Mvi0UCRogdQwosqMQZ2lGIaKCsro7MAAAAAAQID\n-----END OPENSSH PRIVATE KEY-----\n",
            "private_key_pem": "-----BEGIN RSA PRIVATE KEY-----\nMIIJJwIBAAKCAgEArh2pdlrW6zMbVINjHJG1VEOKoCLhBuerX1YqOWo7LSV9WpTq\nrLna5oRXZe6SAki8Ae5SJU2Q2ScraqLy56EJu3uFEJ1ittubjnZc4/RWyWLfwhAy\nnLYwiVkApGgIc2E1cjl2q+DlnxY5/1tXi2mxZB1Uge33+Mh2VjmK/8GI5pe+HBpk\njMYMcemDFxAXHAjGyjjVbK9w0lhV1WTdsyRKlXK/ANiAhjhnFR/l12HeixGTow+0\n9jYWMdiWundl4YWUF1UfW+9/+edRKKl1jwTH3Lwr4pzExIuRnGeJ5WFk08xrzDjL\n0owzI5eq7GYBqGzvcteoXDCqzJUm3DCK7BAmgDAGo6Wn1mxeOTbb8RCUuo+6+WV+\n+P8EZ+Rk6Rx1auMXBzoXbc9bPXKnXnJqSNctcYEBhnIMKAFwK2ABvfDwhlySr4/M\ni1jT9jrTIR8yWTOfxGtP9kql8c8UCOgiRzMsTMJo18zUcqj94HCHZ+Uf0mF/cAwN\nif6BvBtehOnj91SJTkbbBpKWB3vLHh9Mehk5Yg1BJQQoFLvKE8Qn9HrRpcsfj4Lr\nTPobGGasHG6oKZ/p7YHMdMfmcvkIaa2Smq2e5H1K4x7RnnSuYwUYpGMBw8CFMZ4a\nFV025uklnWAFW9SnK2hNq1gdDxFC3idY7xhjOk/o0t80c6b3agqN8JQ9i9MCAwEA\nAQKCAgBiI/385D7325qwDE61L7wRfvCISqCkD7kcx6iNLD+mttbtU7rjGO81t6q7\nnblW6EBwpjBPLmVSwS1LsgVQYgjmUD00nEGj6CzKJBU/t92jLcQJ0q90fYzmHfCq\nuqjowAYsGA+32dAT16dhM88oma6PS6jyg3ueEwAAofajKidMMoPJu2apoogpPQHS\n4hLkjl3eZiKGXG0vYvMekPgVnYMcsczPYTkwbmJMGeqneFbD9GhPJO9PSDVCa16q\nQ9p9P5m1fRlr7Jcp+SRZ0wqcTomI9deWp96RGko86m9jh34Zk8O/HNRmHPhGO5rw\nHJ8anCxrgvs224eqQPfibMohPQk1kc9ql/DR36D/svuvFTlhd5nYFnSmgXdbQ1Ol\nWXLvkxo5yJ0XrwIAWHEpGrGDtjFFQBclXqvjupmfVrao5rskk/vkE2y8KNqNPXUc\nw40RsyZsJqDg3YatBbcB0kUHb8c7znExAAPrQ7CXwtGc90JtSpkyorZeEK9dRjld\nKNJ1oGnuj5Y2o4rJu996CxnX1uTamVvRxW+alv41LBbiO3S7p1TTjt4dDwuBQDn+\nJqpnyU4RIsEKHQt+fkkBk54XVk+YWlU0nnGxcGWDB4MloqMWoMBfpN6uvV6tFT4O\n5ff3aq05IxC6kA0wDaiKSfMLOLPhu9V5PiMiTDq2Ik70mX85AQKCAQEAzwYclxBu\n2opG4zB1p9hq07+apy53cN+/aUTw+G+pKHM5M7DozG7IoWO1as3cV/O6AngjvtPD\n75zDTM9bN0tV0Xz2p6btlYD0JaE67j6SXvUnkwBER6AIq95DZBevQMjXQi8R596V\nFoN9GIW4i1S/QGXmSc2vsqL/cRk2wxoy9M4qcbt1zp3UtwoA0fk3AdYz0MTDeT5e\nTi1fxTaxNzyup151gUjGM9J06Dn6gf3h3cq4AX4lIb4YHCFBUlEFdt7AJW2IkOUi\nkkQw5WbnH3/Ofwxy3ZW9nq6sC2s6xjerF2M/g6mpFys8B38e/vLLvH4OQ7h9TP8V\n+TPIWFUFQQrnYQKCAQEA106O7yHwj9cAIb/Qj4N3LIhNzdU5zLIch1RbSjEazxzo\n+j0oiOLCMk3EgHuHzcdmmJdf1Q71qzjvC12h6ydtCSevUfqKkb2wuQHtVqrVxUfZ\nUvfL+CjneLpczl5MSqkDTtkrpgAgjEUHl7L1ujW2UENVD/+zqQ6RtwEBhDyuCfdp\nZpiF2/AfbclOdei2GWDlrRH+ywVu3PzyrxtMgafSU4N8f/lR/IdzmDQa4P2suATN\nUkZLOh6EbneqjlHjzI9rGcJ40+b+/Q/GbAyux/rBeYeZw5sFW7LDnM/zacWA0dt4\nryeWXA6gGHrsy+LRQJGiB1DCiyoxBnaUYhooKyujswKCAQAbaA+43/AM9mlUAkJR\nKhFaXu82WqxtQPGyGfJcsUuPk1FrSmxHRBNDalPGA+K7sgRZ91WkGZzCx9oC/SBy\nPYLq7MQqharGNAAeSy3mBFqUP5gxmcNwR/td5Vq+kXQd+3ijxl90dr798AJLkMhR\nibKX7+WAt74ew/1VF6VsRregOPrde5eo9rQGV0isg3WIxLavWJ0YG+2YI+Gd1hO3\n4Eyu045ywxOaIK5hX+uN8fJIzmF1sSFxSh0e/DgNkbRLfEmrqsh9hhgBjQ18ERdf\n0CeiIh/CveQQccdM67EoNI5t1jG+WGOOMacMxwNvdO0L0xRIWtAbtVlPWE+Zggfk\nCHGBAoIBAHpH9qvf5cV7wWppi2UGsFeNbkrZsAMOoV9GzLY9X1GDxNnihDQCPXLe\nchzai82WUzGUv2u9HE/LfRBCdGSetrF9ZXg0yCBv0H+ylX4kdlaeMNKLQ7/EU3pg\ntbbLHZ9FkEhm1QBpkBK6Xc6NaDwCp3G8XAJDImGAkceS/a6B3AJzDtyjAVthbCgp\nLbOPoGSXgLojv0bE5isCSj6jTXdRvgWKZtoz2pmGwGMQLLfduwukRoxUugLfNC2d\nLzO3VJ5oUdaGeaM3zVgibnoNVfLj+qAwIGdUkt16kNhtznwjHL+TW153KFFOSSS+\nI+DECD4YuCJZfrQVGVTnYey5mFi0ZzsCggEAT76uBEysj/Gy4u14P48WUBXeGsZg\nJfjZoropfXOcQ0eMJGl/1CMUNQXKWHzgDmw34OjTej2+Wj8S3ht1Dtp6RtNCgbpN\n+tlYuxFPFNmWa04QVOzOfOTzv/DjOGwomJK9IUTUcNjLnzd8DjWbEvYYXan/h3y7\nU8anmyH6s0OMundwrVWAFG5QL6yq5hp0UcmlMrOecr801UMo3JL4//rDNHbadfMf\n9w/ctnEgyXDayY26sQSUq4CkI93Bb4TUcFLwhGlqqqYc3JLhyUA2326XRiobFIJB\n0vyfanQxl/O4JbIchOR3Y7t6K5kAZTtVznq3//v2zwMJYesxAswoFItO0g==\n-----END RSA PRIVATE KEY-----\n",
            "private_key_pem_pkcs8": "-----BEGIN PRIVATE KEY-----\nMIIJQQIBADANBgkqhkiG9w0BAQEFAASCCSswggknAgEAAoICAQCuHal2WtbrMxtU\ng2MckbVUQ4qgIuEG56tfVio5ajstJX1alOqsudrmhFdl7pICSLwB7lIlTZDZJytq\novLnoQm7e4UQnWK225uOdlzj9FbJYt/CEDKctjCJWQCkaAhzYTVyOXar4OWfFjn/\nW1eLabFkHVSB7ff4yHZWOYr/wYjml74cGmSMxgxx6YMXEBccCMbKONVsr3DSWFXV\nZN2zJEqVcr8A2ICGOGcVH+XXYd6LEZOjD7T2NhYx2Ja6d2XhhZQXVR9b73/551Eo\nqXWPBMfcvCvinMTEi5GcZ4nlYWTTzGvMOMvSjDMjl6rsZgGobO9y16hcMKrMlSbc\nMIrsECaAMAajpafWbF45NtvxEJS6j7r5ZX74/wRn5GTpHHVq4xcHOhdtz1s9cqde\ncmpI1y1xgQGGcgwoAXArYAG98PCGXJKvj8yLWNP2OtMhHzJZM5/Ea0/2SqXxzxQI\n6CJHMyxMwmjXzNRyqP3gcIdn5R/SYX9wDA2J/oG8G16E6eP3VIlORtsGkpYHe8se\nH0x6GTliDUElBCgUu8oTxCf0etGlyx+PgutM+hsYZqwcbqgpn+ntgcx0x+Zy+Qhp\nrZKarZ7kfUrjHtGedK5jBRikYwHDwIUxnhoVXTbm6SWdYAVb1KcraE2rWB0PEULe\nJ1jvGGM6T+jS3zRzpvdqCo3wlD2L0wIDAQABAoICAGIj/fzkPvfbmrAMTrUvvBF+\n8IhKoKQPuRzHqI0sP6a21u1TuuMY7zW3qruduVboQHCmME8uZVLBLUuyBVBiCOZQ\nPTScQaPoLMokFT+33aMtxAnSr3R9jOYd8Kq6qOjABiwYD7fZ0BPXp2EzzyiZro9L\nqPKDe54TAACh9qMqJ0wyg8m7ZqmiiCk9AdLiEuSOXd5mIoZcbS9i8x6Q+BWdgxyx\nzM9hOTBuYkwZ6qd4VsP0aE8k709INUJrXqpD2n0/mbV9GWvslyn5JFnTCpxOiYj1\n15an3pEaSjzqb2OHfhmTw78c1GYc+EY7mvAcnxqcLGuC+zbbh6pA9+JsyiE9CTWR\nz2qX8NHfoP+y+68VOWF3mdgWdKaBd1tDU6VZcu+TGjnInRevAgBYcSkasYO2MUVA\nFyVeq+O6mZ9WtqjmuyST++QTbLwo2o09dRzDjRGzJmwmoODdhq0FtwHSRQdvxzvO\ncTEAA+tDsJfC0Zz3Qm1KmTKitl4Qr11GOV0o0nWgae6Pljajism733oLGdfW5NqZ\nW9HFb5qW/jUsFuI7dLunVNOO3h0PC4FAOf4mqmfJThEiwQodC35+SQGTnhdWT5ha\nVTSecbFwZYMHgyWioxagwF+k3q69Xq0VPg7l9/dqrTkjELqQDTANqIpJ8ws4s+G7\n1Xk+IyJMOrYiTvSZfzkBAoIBAQDPBhyXEG7aikbjMHWn2GrTv5qnLndw379pRPD4\nb6koczkzsOjMbsihY7VqzdxX87oCeCO+08PvnMNMz1s3S1XRfPanpu2VgPQloTru\nPpJe9SeTAERHoAir3kNkF69AyNdCLxHn3pUWg30YhbiLVL9AZeZJza+yov9xGTbD\nGjL0zipxu3XOndS3CgDR+TcB1jPQxMN5Pl5OLV/FNrE3PK6nXnWBSMYz0nToOfqB\n/eHdyrgBfiUhvhgcIUFSUQV23sAlbYiQ5SKSRDDlZucff85/DHLdlb2erqwLazrG\nN6sXYz+DqakXKzwHfx7+8su8fg5DuH1M/xX5M8hYVQVBCudhAoIBAQDXTo7vIfCP\n1wAhv9CPg3csiE3N1TnMshyHVFtKMRrPHOj6PSiI4sIyTcSAe4fNx2aYl1/VDvWr\nOO8LXaHrJ20JJ69R+oqRvbC5Ae1WqtXFR9lS98v4KOd4ulzOXkxKqQNO2SumACCM\nRQeXsvW6NbZQQ1UP/7OpDpG3AQGEPK4J92lmmIXb8B9tyU516LYZYOWtEf7LBW7c\n/PKvG0yBp9JTg3x/+VH8h3OYNBrg/ay4BM1SRks6HoRud6qOUePMj2sZwnjT5v79\nD8ZsDK7H+sF5h5nDmwVbssOcz/NpxYDR23ivJ5ZcDqAYeuzL4tFAkaIHUMKLKjEG\ndpRiGigrK6OzAoIBABtoD7jf8Az2aVQCQlEqEVpe7zZarG1A8bIZ8lyxS4+TUWtK\nbEdEE0NqU8YD4ruyBFn3VaQZnMLH2gL9IHI9gursxCqFqsY0AB5LLeYEWpQ/mDGZ\nw3BH+13lWr6RdB37eKPGX3R2vv3wAkuQyFGJspfv5YC3vh7D/VUXpWxGt6A4+t17\nl6j2tAZXSKyDdYjEtq9YnRgb7Zgj4Z3WE7fgTK7TjnLDE5ogrmFf643x8kjOYXWx\nIXFKHR78OA2RtEt8SauqyH2GGAGNDXwRF1/QJ6IiH8K95BBxx0zrsSg0jm3WMb5Y\nY44xpwzHA2907QvTFEha0Bu1WU9YT5mCB+QIcYECggEAekf2q9/lxXvBammLZQaw\nV41uStmwAw6hX0bMtj1fUYPE2eKENAI9ct5yHNqLzZZTMZS/a70cT8t9EEJ0ZJ62\nsX1leDTIIG/Qf7KVfiR2Vp4w0otDv8RTemC1tssdn0WQSGbVAGmQErpdzo1oPAKn\ncbxcAkMiYYCRx5L9roHcAnMO3KMBW2FsKCkts4+gZJeAuiO/RsTmKwJKPqNNd1G+\nBYpm2jPamYbAYxAst927C6RGjFS6At80LZ0vM7dUnmhR1oZ5ozfNWCJueg1V8uP6\noDAgZ1SS3XqQ2G3OfCMcv5NbXncoUU5JJL4j4MQIPhi4Ill+tBUZVOdh7LmYWLRn\nOwKCAQBPvq4ETKyP8bLi7Xg/jxZQFd4axmAl+Nmiuil9c5xDR4wkaX/UIxQ1BcpY\nfOAObDfg6NN6Pb5aPxLeG3UO2npG00KBuk362Vi7EU8U2ZZrThBU7M585PO/8OM4\nbCiYkr0hRNRw2MufN3wONZsS9hhdqf+HfLtTxqebIfqzQ4y6d3CtVYAUblAvrKrm\nGnRRyaUys55yvzTVQyjckvj/+sM0dtp18x/3D9y2cSDJcNrJjbqxBJSrgKQj3cFv\nhNRwUvCEaWqqphzckuHJQDbfbpdGKhsUgkHS/J9qdDGX87glshyE5Hdju3ormQBl\nO1XOerf/+/bPAwlh6zECzCgUi07S\n-----END PRIVATE KEY-----\n",
            "public_key_fingerprint_md5": "3e:55:e4:45:65:84:e7:f1:0c:bb:72:c2:03:5b:42:fd",
            "public_key_fingerprint_sha256": "SHA256:WbknCpVeOj6wZrmOwUcttEoGKAAl3menCFix1AExqKY",
            "public_key_openssh": "ssh-rsa AAAAB3NzaC1yc2EAAAADAQABAAACAQCuHal2WtbrMxtUg2MckbVUQ4qgIuEG56tfVio5ajstJX1alOqsudrmhFdl7pICSLwB7lIlTZDZJytqovLnoQm7e4UQnWK225uOdlzj9FbJYt/CEDKctjCJWQCkaAhzYTVyOXar4OWfFjn/W1eLabFkHVSB7ff4yHZWOYr/wYjml74cGmSMxgxx6YMXEBccCMbKONVsr3DSWFXVZN2zJEqVcr8A2ICGOGcVH+XXYd6LEZOjD7T2NhYx2Ja6d2XhhZQXVR9b73/551EoqXWPBMfcvCvinMTEi5GcZ4nlYWTTzGvMOMvSjDMjl6rsZgGobO9y16hcMKrMlSbcMIrsECaAMAajpafWbF45NtvxEJS6j7r5ZX74/wRn5GTpHHVq4xcHOhdtz1s9cqdecmpI1y1xgQGGcgwoAXArYAG98PCGXJKvj8yLWNP2OtMhHzJZM5/Ea0/2SqXxzxQI6CJHMyxMwmjXzNRyqP3gcIdn5R/SYX9wDA2J/oG8G16E6eP3VIlORtsGkpYHe8seH0x6GTliDUElBCgUu8oTxCf0etGlyx+PgutM+hsYZqwcbqgpn+ntgcx0x+Zy+QhprZKarZ7kfUrjHtGedK5jBRikYwHDwIUxnhoVXTbm6SWdYAVb1KcraE2rWB0PEULeJ1jvGGM6T+jS3zRzpvdqCo3wlD2L0w==\n",
            "public_key_pem": "-----BEGIN PUBLIC KEY-----\nMIICIjANBgkqhkiG9w0BAQEFAAOCAg8AMIICCgKCAgEArh2pdlrW6zMbVINjHJG1\nVEOKoCLhBuerX1YqOWo7LSV9WpTqrLna5oRXZe6SAki8Ae5SJU2Q2ScraqLy56EJ\nu3uFEJ1ittubjnZc4/RWyWLfwhAynLYwiVkApGgIc2E1cjl2q+DlnxY5/1tXi2mx\nZB1Uge33+Mh2VjmK/8GI5pe+HBpkjMYMcemDFxAXHAjGyjjVbK9w0lhV1WTdsyRK\nlXK/ANiAhjhnFR/l12HeixGTow+09jYWMdiWundl4YWUF1UfW+9/+edRKKl1jwTH\n3Lwr4pzExIuRnGeJ5WFk08xrzDjL0owzI5eq7GYBqGzvcteoXDCqzJUm3DCK7BAm\ngDAGo6Wn1mxeOTbb8RCUuo+6+WV++P8EZ+Rk6Rx1auMXBzoXbc9bPXKnXnJqSNct\ncYEBhnIMKAFwK2ABvfDwhlySr4/Mi1jT9jrTIR8yWTOfxGtP9kql8c8UCOgiRzMs\nTMJo18zUcqj94HCHZ+Uf0mF/cAwNif6BvBtehOnj91SJTkbbBpKWB3vLHh9Mehk5\nYg1BJQQoFLvKE8Qn9HrRpcsfj4LrTPobGGasHG6oKZ/p7YHMdMfmcvkIaa2Smq2e\n5H1K4x7RnnSuYwUYpGMBw8CFMZ4aFV025uklnWAFW9SnK2hNq1gdDxFC3idY7xhj\nOk/o0t80c6b3agqN8JQ9i9MCAwEAAQ==\n-----END PUBLIC KEY-----\n",
            "rsa_bits": 4096
          },
          "sensitive_attributes": [],
          "dependencies": [
            "module.vpc.aws_cloudwatch_log_group.flow_log",
            "module.vpc.aws_customer_gateway.this",
            "module.vpc.aws_db_subnet_group.database",
            "module.vpc.aws_default_network_acl.this",
            "module.vpc.aws_default_route_table.default",
            "module.vpc.aws_default_security_group.this",
            "module.vpc.aws_default_vpc.this",
            "module.vpc.aws_egress_only_internet_gateway.this",
            "module.vpc.aws_eip.nat",
            "module.vpc.aws_elasticache_subnet_group.elasticache",
            "module.vpc.aws_flow_log.this",
            "module.vpc.aws_iam_policy.vpc_flow_log_cloudwatch",
            "module.vpc.aws_iam_role.vpc_flow_log_cloudwatch",
            "module.vpc.aws_iam_role_policy_attachment.vpc_flow_log_cloudwatch",
            "module.vpc.aws_internet_gateway.this",
            "module.vpc.aws_nat_gateway.this",
            "module.vpc.aws_network_acl.database",
            "module.vpc.aws_network_acl.elasticache",
            "module.vpc.aws_network_acl.intra",
            "module.vpc.aws_network_acl.outpost",
            "module.vpc.aws_network_acl.private",
            "module.vpc.aws_network_acl.public",
            "module.vpc.aws_network_acl.redshift",
            "module.vpc.aws_network_acl_rule.database_inbound",
            "module.vpc.aws_network_acl_rule.database_outbound",
            "module.vpc.aws_network_acl_rule.elasticache_inbound",
            "module.vpc.aws_network_acl_rule.elasticache_outbound",
            "module.vpc.aws_network_acl_rule.intra_inbound",
            "module.vpc.aws_network_acl_rule.intra_outbound",
            "module.vpc.aws_network_acl_rule.outpost_inbound",
            "module.vpc.aws_network_acl_rule.outpost_outbound",
            "module.vpc.aws_network_acl_rule.private_inbound",
            "module.vpc.aws_network_acl_rule.private_outbound",
            "module.vpc.aws_network_acl_rule.public_inbound",
            "module.vpc.aws_network_acl_rule.public_outbound",
            "module.vpc.aws_network_acl_rule.redshift_inbound",
            "module.vpc.aws_network_acl_rule.redshift_outbound",
            "module.vpc.aws_redshift_subnet_group.redshift",
            "module.vpc.aws_route.database_internet_gateway",
            "module.vpc.aws_route.database_ipv6_egress",
            "module.vpc.aws_route.database_nat_gateway",
            "module.vpc.aws_route.private_ipv6_egress",
            "module.vpc.aws_route.private_nat_gateway",
            "module.vpc.aws_route.public_internet_gateway",
            "module.vpc.aws_route.public_internet_gateway_ipv6",
            "module.vpc.aws_route_table.database",
            "module.vpc.aws_route_table.elasticache",
            "module.vpc.aws_route_table.intra",
            "module.vpc.aws_route_table.private",
            "module.vpc.aws_route_table.public",
            "module.vpc.aws_route_table.redshift",
            "module.vpc.aws_route_table_association.database",
            "module.vpc.aws_route_table_association.elasticache",
            "module.vpc.aws_route_table_association.intra",
            "module.vpc.aws_route_table_association.outpost",
            "module.vpc.aws_route_table_association.private",
            "module.vpc.aws_route_table_association.public",
            "module.vpc.aws_route_table_association.redshift",
            "module.vpc.aws_route_table_association.redshift_public",
            "module.vpc.aws_subnet.database",
            "module.vpc.aws_subnet.elasticache",
            "module.vpc.aws_subnet.intra",
            "module.vpc.aws_subnet.outpost",
            "module.vpc.aws_subnet.private",
            "module.vpc.aws_subnet.public",
            "module.vpc.aws_subnet.redshift",
            "module.vpc.aws_vpc.this",
            "module.vpc.aws_vpc_dhcp_options.this",
            "module.vpc.aws_vpc_dhcp_options_association.this",
            "module.vpc.aws_vpc_ipv4_cidr_block_association.this",
            "module.vpc.aws_vpn_gateway.this",
            "module.vpc.aws_vpn_gateway_attachment.this",
            "module.vpc.aws_vpn_gateway_route_propagation.intra",
            "module.vpc.aws_vpn_gateway_route_propagation.private",
            "module.vpc.aws_vpn_gateway_route_propagation.public",
            "module.vpc.data.aws_iam_policy_document.flow_log_cloudwatch_assume_role",
            "module.vpc.data.aws_iam_policy_document.vpc_flow_log_cloudwatch"
          ]
        }
      ]
    },
    {
      "module": "module.vpc",
      "mode": "managed",
      "type": "aws_eip",
      "name": "nat",
      "provider": "provider[\"registry.terraform.io/hashicorp/aws\"]",
      "instances": [
        {
          "index_key": 0,
          "schema_version": 0,
          "attributes": {
            "address": null,
            "allocation_id": "eipalloc-0dd20001b2cfe94f8",
            "associate_with_private_ip": null,
            "association_id": "",
            "carrier_ip": "",
            "customer_owned_ip": "",
            "customer_owned_ipv4_pool": "",
            "domain": "vpc",
            "id": "eipalloc-0dd20001b2cfe94f8",
            "instance": "",
            "network_border_group": "us-east-1",
            "network_interface": "",
            "private_dns": null,
            "private_ip": "",
            "public_dns": "ec2-52-73-116-54.compute-1.amazonaws.com",
            "public_ip": "52.73.116.54",
            "public_ipv4_pool": "amazon",
            "tags": {
              "Name": "VPC-us-east-1a"
            },
            "tags_all": {
              "Name": "VPC-us-east-1a"
            },
            "timeouts": null,
            "vpc": true
          },
          "sensitive_attributes": [],
          "private": "eyJlMmJmYjczMC1lY2FhLTExZTYtOGY4OC0zNDM2M2JjN2M0YzAiOnsiZGVsZXRlIjoxODAwMDAwMDAwMDAsInJlYWQiOjkwMDAwMDAwMDAwMCwidXBkYXRlIjozMDAwMDAwMDAwMDB9fQ=="
        }
      ]
    },
    {
      "module": "module.vpc",
      "mode": "managed",
      "type": "aws_internet_gateway",
      "name": "this",
      "provider": "provider[\"registry.terraform.io/hashicorp/aws\"]",
      "instances": [
        {
          "index_key": 0,
          "schema_version": 0,
          "attributes": {
            "arn": "arn:aws:ec2:us-east-1:857120324933:internet-gateway/igw-09862ee33319a1748",
            "id": "igw-09862ee33319a1748",
            "owner_id": "857120324933",
            "tags": {
              "Name": "VPC"
            },
            "tags_all": {
              "Name": "VPC"
            },
            "vpc_id": "vpc-0ddcddca4d8dbbfd6"
          },
          "sensitive_attributes": [],
          "private": "bnVsbA==",
          "dependencies": [
            "module.vpc.aws_vpc.this",
            "module.vpc.aws_vpc_ipv4_cidr_block_association.this"
          ]
        }
      ]
    },
    {
      "module": "module.vpc",
      "mode": "managed",
      "type": "aws_nat_gateway",
      "name": "this",
      "provider": "provider[\"registry.terraform.io/hashicorp/aws\"]",
      "instances": [
        {
          "index_key": 0,
          "schema_version": 0,
          "attributes": {
            "allocation_id": "eipalloc-0dd20001b2cfe94f8",
            "connectivity_type": "public",
            "id": "nat-06affdd9ace391489",
            "network_interface_id": "eni-0b5641e6bad42eb8d",
            "private_ip": "172.23.5.130",
            "public_ip": "52.73.116.54",
            "subnet_id": "subnet-049ac0c28de32dea1",
            "tags": {
              "Name": "caldera-test_natgateway"
            },
            "tags_all": {
              "Name": "caldera-test_natgateway"
            }
          },
          "sensitive_attributes": [],
          "private": "bnVsbA==",
          "dependencies": [
            "module.vpc.aws_eip.nat",
            "module.vpc.aws_internet_gateway.this",
            "module.vpc.aws_subnet.public",
            "module.vpc.aws_vpc.this",
            "module.vpc.aws_vpc_ipv4_cidr_block_association.this"
          ]
        }
      ]
    },
    {
      "module": "module.vpc",
      "mode": "managed",
      "type": "aws_route",
      "name": "private_nat_gateway",
      "provider": "provider[\"registry.terraform.io/hashicorp/aws\"]",
      "instances": [
        {
          "index_key": 0,
          "schema_version": 0,
          "attributes": {
            "carrier_gateway_id": "",
            "core_network_arn": "",
            "destination_cidr_block": "0.0.0.0/0",
            "destination_ipv6_cidr_block": "",
            "destination_prefix_list_id": "",
            "egress_only_gateway_id": "",
            "gateway_id": "",
            "id": "r-rtb-04ed3abd62d6fe2ee1080289494",
            "instance_id": "",
            "instance_owner_id": "",
            "local_gateway_id": "",
            "nat_gateway_id": "nat-06affdd9ace391489",
            "network_interface_id": "",
            "origin": "CreateRoute",
            "route_table_id": "rtb-04ed3abd62d6fe2ee",
            "state": "active",
            "timeouts": {
              "create": "5m",
              "delete": null,
              "update": null
            },
            "transit_gateway_id": "",
            "vpc_endpoint_id": "",
            "vpc_peering_connection_id": ""
          },
          "sensitive_attributes": [],
          "private": "eyJlMmJmYjczMC1lY2FhLTExZTYtOGY4OC0zNDM2M2JjN2M0YzAiOnsiY3JlYXRlIjozMDAwMDAwMDAwMDAsImRlbGV0ZSI6MzAwMDAwMDAwMDAwLCJ1cGRhdGUiOjEyMDAwMDAwMDAwMH19",
          "dependencies": [
            "module.vpc.aws_eip.nat",
            "module.vpc.aws_internet_gateway.this",
            "module.vpc.aws_nat_gateway.this",
            "module.vpc.aws_route_table.private",
            "module.vpc.aws_subnet.public",
            "module.vpc.aws_vpc.this",
            "module.vpc.aws_vpc_ipv4_cidr_block_association.this"
          ]
        }
      ]
    },
    {
      "module": "module.vpc",
      "mode": "managed",
      "type": "aws_route",
      "name": "public_internet_gateway",
      "provider": "provider[\"registry.terraform.io/hashicorp/aws\"]",
      "instances": [
        {
          "index_key": 0,
          "schema_version": 0,
          "attributes": {
            "carrier_gateway_id": "",
            "core_network_arn": "",
            "destination_cidr_block": "0.0.0.0/0",
            "destination_ipv6_cidr_block": "",
            "destination_prefix_list_id": "",
            "egress_only_gateway_id": "",
            "gateway_id": "igw-09862ee33319a1748",
            "id": "r-rtb-0e5dc29ec2e411ad11080289494",
            "instance_id": "",
            "instance_owner_id": "",
            "local_gateway_id": "",
            "nat_gateway_id": "",
            "network_interface_id": "",
            "origin": "CreateRoute",
            "route_table_id": "rtb-0e5dc29ec2e411ad1",
            "state": "active",
            "timeouts": {
              "create": "5m",
              "delete": null,
              "update": null
            },
            "transit_gateway_id": "",
            "vpc_endpoint_id": "",
            "vpc_peering_connection_id": ""
          },
          "sensitive_attributes": [],
          "private": "eyJlMmJmYjczMC1lY2FhLTExZTYtOGY4OC0zNDM2M2JjN2M0YzAiOnsiY3JlYXRlIjozMDAwMDAwMDAwMDAsImRlbGV0ZSI6MzAwMDAwMDAwMDAwLCJ1cGRhdGUiOjEyMDAwMDAwMDAwMH19",
          "dependencies": [
            "module.vpc.aws_internet_gateway.this",
            "module.vpc.aws_route_table.public",
            "module.vpc.aws_vpc.this",
            "module.vpc.aws_vpc_ipv4_cidr_block_association.this"
          ]
        }
      ]
    },
    {
      "module": "module.vpc",
      "mode": "managed",
      "type": "aws_route_table",
      "name": "private",
      "provider": "provider[\"registry.terraform.io/hashicorp/aws\"]",
      "instances": [
        {
          "index_key": 0,
          "schema_version": 0,
          "attributes": {
            "arn": "arn:aws:ec2:us-east-1:857120324933:route-table/rtb-04ed3abd62d6fe2ee",
            "id": "rtb-04ed3abd62d6fe2ee",
            "owner_id": "857120324933",
            "propagating_vgws": [],
            "route": [],
            "tags": {
              "Name": "VPC-private"
            },
            "tags_all": {
              "Name": "VPC-private"
            },
            "timeouts": null,
            "vpc_id": "vpc-0ddcddca4d8dbbfd6"
          },
          "sensitive_attributes": [],
          "private": "eyJlMmJmYjczMC1lY2FhLTExZTYtOGY4OC0zNDM2M2JjN2M0YzAiOnsiY3JlYXRlIjozMDAwMDAwMDAwMDAsImRlbGV0ZSI6MzAwMDAwMDAwMDAwLCJ1cGRhdGUiOjEyMDAwMDAwMDAwMH19",
          "dependencies": [
            "module.vpc.aws_vpc.this",
            "module.vpc.aws_vpc_ipv4_cidr_block_association.this"
          ]
        }
      ]
    },
    {
      "module": "module.vpc",
      "mode": "managed",
      "type": "aws_route_table",
      "name": "public",
      "provider": "provider[\"registry.terraform.io/hashicorp/aws\"]",
      "instances": [
        {
          "index_key": 0,
          "schema_version": 0,
          "attributes": {
            "arn": "arn:aws:ec2:us-east-1:857120324933:route-table/rtb-0e5dc29ec2e411ad1",
            "id": "rtb-0e5dc29ec2e411ad1",
            "owner_id": "857120324933",
            "propagating_vgws": [],
            "route": [],
            "tags": {
              "Name": "VPC-public"
            },
            "tags_all": {
              "Name": "VPC-public"
            },
            "timeouts": null,
            "vpc_id": "vpc-0ddcddca4d8dbbfd6"
          },
          "sensitive_attributes": [],
          "private": "eyJlMmJmYjczMC1lY2FhLTExZTYtOGY4OC0zNDM2M2JjN2M0YzAiOnsiY3JlYXRlIjozMDAwMDAwMDAwMDAsImRlbGV0ZSI6MzAwMDAwMDAwMDAwLCJ1cGRhdGUiOjEyMDAwMDAwMDAwMH19",
          "dependencies": [
            "module.vpc.aws_vpc.this",
            "module.vpc.aws_vpc_ipv4_cidr_block_association.this"
          ]
        }
      ]
    },
    {
      "module": "module.vpc",
      "mode": "managed",
      "type": "aws_route_table_association",
      "name": "private",
      "provider": "provider[\"registry.terraform.io/hashicorp/aws\"]",
      "instances": [
        {
          "index_key": 0,
          "schema_version": 0,
          "attributes": {
            "gateway_id": "",
            "id": "rtbassoc-0fd5b592e8d838449",
            "route_table_id": "rtb-04ed3abd62d6fe2ee",
            "subnet_id": "subnet-0c2b353d490f0fcc4"
          },
          "sensitive_attributes": [],
          "private": "bnVsbA==",
          "dependencies": [
            "module.vpc.aws_route_table.private",
            "module.vpc.aws_subnet.private",
            "module.vpc.aws_vpc.this",
            "module.vpc.aws_vpc_ipv4_cidr_block_association.this"
          ]
        },
        {
          "index_key": 1,
          "schema_version": 0,
          "attributes": {
            "gateway_id": "",
            "id": "rtbassoc-0c531d9cc940c2522",
            "route_table_id": "rtb-04ed3abd62d6fe2ee",
            "subnet_id": "subnet-0427a9d8127de3f26"
          },
          "sensitive_attributes": [],
          "private": "bnVsbA==",
          "dependencies": [
            "module.vpc.aws_route_table.private",
            "module.vpc.aws_subnet.private",
            "module.vpc.aws_vpc.this",
            "module.vpc.aws_vpc_ipv4_cidr_block_association.this"
          ]
        },
        {
          "index_key": 2,
          "schema_version": 0,
          "attributes": {
            "gateway_id": "",
            "id": "rtbassoc-08b194ac6ad45e41b",
            "route_table_id": "rtb-04ed3abd62d6fe2ee",
            "subnet_id": "subnet-0348feae7f082cdc9"
          },
          "sensitive_attributes": [],
          "private": "bnVsbA==",
          "dependencies": [
            "module.vpc.aws_route_table.private",
            "module.vpc.aws_subnet.private",
            "module.vpc.aws_vpc.this",
            "module.vpc.aws_vpc_ipv4_cidr_block_association.this"
          ]
        },
        {
          "index_key": 3,
          "schema_version": 0,
          "attributes": {
            "gateway_id": "",
            "id": "rtbassoc-07aa684ecef11f2a9",
            "route_table_id": "rtb-04ed3abd62d6fe2ee",
            "subnet_id": "subnet-066e3ea82567e6b5c"
          },
          "sensitive_attributes": [],
          "private": "bnVsbA==",
          "dependencies": [
            "module.vpc.aws_route_table.private",
            "module.vpc.aws_subnet.private",
            "module.vpc.aws_vpc.this",
            "module.vpc.aws_vpc_ipv4_cidr_block_association.this"
          ]
        },
        {
          "index_key": 4,
          "schema_version": 0,
          "attributes": {
            "gateway_id": "",
            "id": "rtbassoc-0b99328051d47ce4f",
            "route_table_id": "rtb-04ed3abd62d6fe2ee",
            "subnet_id": "subnet-0b32fd2d691a18c07"
          },
          "sensitive_attributes": [],
          "private": "bnVsbA==",
          "dependencies": [
            "module.vpc.aws_route_table.private",
            "module.vpc.aws_subnet.private",
            "module.vpc.aws_vpc.this",
            "module.vpc.aws_vpc_ipv4_cidr_block_association.this"
          ]
        }
      ]
    },
    {
      "module": "module.vpc",
      "mode": "managed",
      "type": "aws_route_table_association",
      "name": "public",
      "provider": "provider[\"registry.terraform.io/hashicorp/aws\"]",
      "instances": [
        {
          "index_key": 0,
          "schema_version": 0,
          "attributes": {
            "gateway_id": "",
            "id": "rtbassoc-0a2b4423616cae63e",
            "route_table_id": "rtb-0e5dc29ec2e411ad1",
            "subnet_id": "subnet-049ac0c28de32dea1"
          },
          "sensitive_attributes": [],
          "private": "bnVsbA==",
          "dependencies": [
            "module.vpc.aws_route_table.public",
            "module.vpc.aws_subnet.public",
            "module.vpc.aws_vpc.this",
            "module.vpc.aws_vpc_ipv4_cidr_block_association.this"
          ]
        },
        {
          "index_key": 1,
          "schema_version": 0,
          "attributes": {
            "gateway_id": "",
            "id": "rtbassoc-0b6cddb98d5fe94bd",
            "route_table_id": "rtb-0e5dc29ec2e411ad1",
            "subnet_id": "subnet-07f258639870cc8e3"
          },
          "sensitive_attributes": [],
          "private": "bnVsbA==",
          "dependencies": [
            "module.vpc.aws_route_table.public",
            "module.vpc.aws_subnet.public",
            "module.vpc.aws_vpc.this",
            "module.vpc.aws_vpc_ipv4_cidr_block_association.this"
          ]
        },
        {
          "index_key": 2,
          "schema_version": 0,
          "attributes": {
            "gateway_id": "",
            "id": "rtbassoc-0c0c55ea90842dadd",
            "route_table_id": "rtb-0e5dc29ec2e411ad1",
            "subnet_id": "subnet-07dc0656587dad1c0"
          },
          "sensitive_attributes": [],
          "private": "bnVsbA==",
          "dependencies": [
            "module.vpc.aws_route_table.public",
            "module.vpc.aws_subnet.public",
            "module.vpc.aws_vpc.this",
            "module.vpc.aws_vpc_ipv4_cidr_block_association.this"
          ]
        },
        {
          "index_key": 3,
          "schema_version": 0,
          "attributes": {
            "gateway_id": "",
            "id": "rtbassoc-0807cab198fc112b0",
            "route_table_id": "rtb-0e5dc29ec2e411ad1",
            "subnet_id": "subnet-0ea7c5ffb64a3db0a"
          },
          "sensitive_attributes": [],
          "private": "bnVsbA==",
          "dependencies": [
            "module.vpc.aws_route_table.public",
            "module.vpc.aws_subnet.public",
            "module.vpc.aws_vpc.this",
            "module.vpc.aws_vpc_ipv4_cidr_block_association.this"
          ]
        },
        {
          "index_key": 4,
          "schema_version": 0,
          "attributes": {
            "gateway_id": "",
            "id": "rtbassoc-0a1e3b736753bb0f7",
            "route_table_id": "rtb-0e5dc29ec2e411ad1",
            "subnet_id": "subnet-0887471feac06adc6"
          },
          "sensitive_attributes": [],
          "private": "bnVsbA==",
          "dependencies": [
            "module.vpc.aws_route_table.public",
            "module.vpc.aws_subnet.public",
            "module.vpc.aws_vpc.this",
            "module.vpc.aws_vpc_ipv4_cidr_block_association.this"
          ]
        }
      ]
    },
    {
      "module": "module.vpc",
      "mode": "managed",
      "type": "aws_subnet",
      "name": "private",
      "provider": "provider[\"registry.terraform.io/hashicorp/aws\"]",
      "instances": [
        {
          "index_key": 0,
          "schema_version": 1,
          "attributes": {
            "arn": "arn:aws:ec2:us-east-1:857120324933:subnet/subnet-0c2b353d490f0fcc4",
            "assign_ipv6_address_on_creation": false,
            "availability_zone": "us-east-1a",
            "availability_zone_id": "use1-az6",
            "cidr_block": "172.23.0.0/22",
            "customer_owned_ipv4_pool": "",
            "enable_dns64": false,
            "enable_resource_name_dns_a_record_on_launch": false,
            "enable_resource_name_dns_aaaa_record_on_launch": false,
            "id": "subnet-0c2b353d490f0fcc4",
            "ipv6_cidr_block": "",
            "ipv6_cidr_block_association_id": "",
            "ipv6_native": false,
            "map_customer_owned_ip_on_launch": false,
            "map_public_ip_on_launch": false,
            "outpost_arn": "",
            "owner_id": "857120324933",
            "private_dns_hostname_type_on_launch": "ip-name",
            "tags": {
              "Name": "caldera-test_private"
            },
            "tags_all": {
              "Name": "caldera-test_private"
            },
            "timeouts": null,
            "vpc_id": "vpc-0ddcddca4d8dbbfd6"
          },
          "sensitive_attributes": [],
          "private": "eyJlMmJmYjczMC1lY2FhLTExZTYtOGY4OC0zNDM2M2JjN2M0YzAiOnsiY3JlYXRlIjo2MDAwMDAwMDAwMDAsImRlbGV0ZSI6MTIwMDAwMDAwMDAwMH0sInNjaGVtYV92ZXJzaW9uIjoiMSJ9",
          "dependencies": [
            "module.vpc.aws_vpc.this",
            "module.vpc.aws_vpc_ipv4_cidr_block_association.this"
          ]
        },
        {
          "index_key": 1,
          "schema_version": 1,
          "attributes": {
            "arn": "arn:aws:ec2:us-east-1:857120324933:subnet/subnet-0427a9d8127de3f26",
            "assign_ipv6_address_on_creation": false,
            "availability_zone": "us-east-1b",
            "availability_zone_id": "use1-az1",
            "cidr_block": "172.23.32.0/22",
            "customer_owned_ipv4_pool": "",
            "enable_dns64": false,
            "enable_resource_name_dns_a_record_on_launch": false,
            "enable_resource_name_dns_aaaa_record_on_launch": false,
            "id": "subnet-0427a9d8127de3f26",
            "ipv6_cidr_block": "",
            "ipv6_cidr_block_association_id": "",
            "ipv6_native": false,
            "map_customer_owned_ip_on_launch": false,
            "map_public_ip_on_launch": false,
            "outpost_arn": "",
            "owner_id": "857120324933",
            "private_dns_hostname_type_on_launch": "ip-name",
            "tags": {
              "Name": "caldera-test_private"
            },
            "tags_all": {
              "Name": "caldera-test_private"
            },
            "timeouts": null,
            "vpc_id": "vpc-0ddcddca4d8dbbfd6"
          },
          "sensitive_attributes": [],
          "private": "eyJlMmJmYjczMC1lY2FhLTExZTYtOGY4OC0zNDM2M2JjN2M0YzAiOnsiY3JlYXRlIjo2MDAwMDAwMDAwMDAsImRlbGV0ZSI6MTIwMDAwMDAwMDAwMH0sInNjaGVtYV92ZXJzaW9uIjoiMSJ9",
          "dependencies": [
            "module.vpc.aws_vpc.this",
            "module.vpc.aws_vpc_ipv4_cidr_block_association.this"
          ]
        },
        {
          "index_key": 2,
          "schema_version": 1,
          "attributes": {
            "arn": "arn:aws:ec2:us-east-1:857120324933:subnet/subnet-0348feae7f082cdc9",
            "assign_ipv6_address_on_creation": false,
            "availability_zone": "us-east-1c",
            "availability_zone_id": "use1-az2",
            "cidr_block": "172.23.64.0/22",
            "customer_owned_ipv4_pool": "",
            "enable_dns64": false,
            "enable_resource_name_dns_a_record_on_launch": false,
            "enable_resource_name_dns_aaaa_record_on_launch": false,
            "id": "subnet-0348feae7f082cdc9",
            "ipv6_cidr_block": "",
            "ipv6_cidr_block_association_id": "",
            "ipv6_native": false,
            "map_customer_owned_ip_on_launch": false,
            "map_public_ip_on_launch": false,
            "outpost_arn": "",
            "owner_id": "857120324933",
            "private_dns_hostname_type_on_launch": "ip-name",
            "tags": {
              "Name": "caldera-test_private"
            },
            "tags_all": {
              "Name": "caldera-test_private"
            },
            "timeouts": null,
            "vpc_id": "vpc-0ddcddca4d8dbbfd6"
          },
          "sensitive_attributes": [],
          "private": "eyJlMmJmYjczMC1lY2FhLTExZTYtOGY4OC0zNDM2M2JjN2M0YzAiOnsiY3JlYXRlIjo2MDAwMDAwMDAwMDAsImRlbGV0ZSI6MTIwMDAwMDAwMDAwMH0sInNjaGVtYV92ZXJzaW9uIjoiMSJ9",
          "dependencies": [
            "module.vpc.aws_vpc.this",
            "module.vpc.aws_vpc_ipv4_cidr_block_association.this"
          ]
        },
        {
          "index_key": 3,
          "schema_version": 1,
          "attributes": {
            "arn": "arn:aws:ec2:us-east-1:857120324933:subnet/subnet-066e3ea82567e6b5c",
            "assign_ipv6_address_on_creation": false,
            "availability_zone": "us-east-1d",
            "availability_zone_id": "use1-az4",
            "cidr_block": "172.23.96.0/22",
            "customer_owned_ipv4_pool": "",
            "enable_dns64": false,
            "enable_resource_name_dns_a_record_on_launch": false,
            "enable_resource_name_dns_aaaa_record_on_launch": false,
            "id": "subnet-066e3ea82567e6b5c",
            "ipv6_cidr_block": "",
            "ipv6_cidr_block_association_id": "",
            "ipv6_native": false,
            "map_customer_owned_ip_on_launch": false,
            "map_public_ip_on_launch": false,
            "outpost_arn": "",
            "owner_id": "857120324933",
            "private_dns_hostname_type_on_launch": "ip-name",
            "tags": {
              "Name": "caldera-test_private"
            },
            "tags_all": {
              "Name": "caldera-test_private"
            },
            "timeouts": null,
            "vpc_id": "vpc-0ddcddca4d8dbbfd6"
          },
          "sensitive_attributes": [],
          "private": "eyJlMmJmYjczMC1lY2FhLTExZTYtOGY4OC0zNDM2M2JjN2M0YzAiOnsiY3JlYXRlIjo2MDAwMDAwMDAwMDAsImRlbGV0ZSI6MTIwMDAwMDAwMDAwMH0sInNjaGVtYV92ZXJzaW9uIjoiMSJ9",
          "dependencies": [
            "module.vpc.aws_vpc.this",
            "module.vpc.aws_vpc_ipv4_cidr_block_association.this"
          ]
        },
        {
          "index_key": 4,
          "schema_version": 1,
          "attributes": {
            "arn": "arn:aws:ec2:us-east-1:857120324933:subnet/subnet-0b32fd2d691a18c07",
            "assign_ipv6_address_on_creation": false,
            "availability_zone": "us-east-1f",
            "availability_zone_id": "use1-az5",
            "cidr_block": "172.23.160.0/22",
            "customer_owned_ipv4_pool": "",
            "enable_dns64": false,
            "enable_resource_name_dns_a_record_on_launch": false,
            "enable_resource_name_dns_aaaa_record_on_launch": false,
            "id": "subnet-0b32fd2d691a18c07",
            "ipv6_cidr_block": "",
            "ipv6_cidr_block_association_id": "",
            "ipv6_native": false,
            "map_customer_owned_ip_on_launch": false,
            "map_public_ip_on_launch": false,
            "outpost_arn": "",
            "owner_id": "857120324933",
            "private_dns_hostname_type_on_launch": "ip-name",
            "tags": {
              "Name": "caldera-test_private"
            },
            "tags_all": {
              "Name": "caldera-test_private"
            },
            "timeouts": null,
            "vpc_id": "vpc-0ddcddca4d8dbbfd6"
          },
          "sensitive_attributes": [],
          "private": "eyJlMmJmYjczMC1lY2FhLTExZTYtOGY4OC0zNDM2M2JjN2M0YzAiOnsiY3JlYXRlIjo2MDAwMDAwMDAwMDAsImRlbGV0ZSI6MTIwMDAwMDAwMDAwMH0sInNjaGVtYV92ZXJzaW9uIjoiMSJ9",
          "dependencies": [
            "module.vpc.aws_vpc.this",
            "module.vpc.aws_vpc_ipv4_cidr_block_association.this"
          ]
        }
      ]
    },
    {
      "module": "module.vpc",
      "mode": "managed",
      "type": "aws_subnet",
      "name": "public",
      "provider": "provider[\"registry.terraform.io/hashicorp/aws\"]",
      "instances": [
        {
          "index_key": 0,
          "schema_version": 1,
          "attributes": {
            "arn": "arn:aws:ec2:us-east-1:857120324933:subnet/subnet-049ac0c28de32dea1",
            "assign_ipv6_address_on_creation": false,
            "availability_zone": "us-east-1a",
            "availability_zone_id": "use1-az6",
            "cidr_block": "172.23.4.0/22",
            "customer_owned_ipv4_pool": "",
            "enable_dns64": false,
            "enable_resource_name_dns_a_record_on_launch": false,
            "enable_resource_name_dns_aaaa_record_on_launch": false,
            "id": "subnet-049ac0c28de32dea1",
            "ipv6_cidr_block": "",
            "ipv6_cidr_block_association_id": "",
            "ipv6_native": false,
            "map_customer_owned_ip_on_launch": false,
            "map_public_ip_on_launch": true,
            "outpost_arn": "",
            "owner_id": "857120324933",
            "private_dns_hostname_type_on_launch": "ip-name",
            "tags": {
              "Name": "caldera-test_public"
            },
            "tags_all": {
              "Name": "caldera-test_public"
            },
            "timeouts": null,
            "vpc_id": "vpc-0ddcddca4d8dbbfd6"
          },
          "sensitive_attributes": [],
          "private": "eyJlMmJmYjczMC1lY2FhLTExZTYtOGY4OC0zNDM2M2JjN2M0YzAiOnsiY3JlYXRlIjo2MDAwMDAwMDAwMDAsImRlbGV0ZSI6MTIwMDAwMDAwMDAwMH0sInNjaGVtYV92ZXJzaW9uIjoiMSJ9",
          "dependencies": [
            "module.vpc.aws_vpc.this",
            "module.vpc.aws_vpc_ipv4_cidr_block_association.this"
          ]
        },
        {
          "index_key": 1,
          "schema_version": 1,
          "attributes": {
            "arn": "arn:aws:ec2:us-east-1:857120324933:subnet/subnet-07f258639870cc8e3",
            "assign_ipv6_address_on_creation": false,
            "availability_zone": "us-east-1b",
            "availability_zone_id": "use1-az1",
            "cidr_block": "172.23.36.0/22",
            "customer_owned_ipv4_pool": "",
            "enable_dns64": false,
            "enable_resource_name_dns_a_record_on_launch": false,
            "enable_resource_name_dns_aaaa_record_on_launch": false,
            "id": "subnet-07f258639870cc8e3",
            "ipv6_cidr_block": "",
            "ipv6_cidr_block_association_id": "",
            "ipv6_native": false,
            "map_customer_owned_ip_on_launch": false,
            "map_public_ip_on_launch": true,
            "outpost_arn": "",
            "owner_id": "857120324933",
            "private_dns_hostname_type_on_launch": "ip-name",
            "tags": {
              "Name": "caldera-test_public"
            },
            "tags_all": {
              "Name": "caldera-test_public"
            },
            "timeouts": null,
            "vpc_id": "vpc-0ddcddca4d8dbbfd6"
          },
          "sensitive_attributes": [],
          "private": "eyJlMmJmYjczMC1lY2FhLTExZTYtOGY4OC0zNDM2M2JjN2M0YzAiOnsiY3JlYXRlIjo2MDAwMDAwMDAwMDAsImRlbGV0ZSI6MTIwMDAwMDAwMDAwMH0sInNjaGVtYV92ZXJzaW9uIjoiMSJ9",
          "dependencies": [
            "module.vpc.aws_vpc.this",
            "module.vpc.aws_vpc_ipv4_cidr_block_association.this"
          ]
        },
        {
          "index_key": 2,
          "schema_version": 1,
          "attributes": {
            "arn": "arn:aws:ec2:us-east-1:857120324933:subnet/subnet-07dc0656587dad1c0",
            "assign_ipv6_address_on_creation": false,
            "availability_zone": "us-east-1c",
            "availability_zone_id": "use1-az2",
            "cidr_block": "172.23.68.0/22",
            "customer_owned_ipv4_pool": "",
            "enable_dns64": false,
            "enable_resource_name_dns_a_record_on_launch": false,
            "enable_resource_name_dns_aaaa_record_on_launch": false,
            "id": "subnet-07dc0656587dad1c0",
            "ipv6_cidr_block": "",
            "ipv6_cidr_block_association_id": "",
            "ipv6_native": false,
            "map_customer_owned_ip_on_launch": false,
            "map_public_ip_on_launch": true,
            "outpost_arn": "",
            "owner_id": "857120324933",
            "private_dns_hostname_type_on_launch": "ip-name",
            "tags": {
              "Name": "caldera-test_public"
            },
            "tags_all": {
              "Name": "caldera-test_public"
            },
            "timeouts": null,
            "vpc_id": "vpc-0ddcddca4d8dbbfd6"
          },
          "sensitive_attributes": [],
          "private": "eyJlMmJmYjczMC1lY2FhLTExZTYtOGY4OC0zNDM2M2JjN2M0YzAiOnsiY3JlYXRlIjo2MDAwMDAwMDAwMDAsImRlbGV0ZSI6MTIwMDAwMDAwMDAwMH0sInNjaGVtYV92ZXJzaW9uIjoiMSJ9",
          "dependencies": [
            "module.vpc.aws_vpc.this",
            "module.vpc.aws_vpc_ipv4_cidr_block_association.this"
          ]
        },
        {
          "index_key": 3,
          "schema_version": 1,
          "attributes": {
            "arn": "arn:aws:ec2:us-east-1:857120324933:subnet/subnet-0ea7c5ffb64a3db0a",
            "assign_ipv6_address_on_creation": false,
            "availability_zone": "us-east-1d",
            "availability_zone_id": "use1-az4",
            "cidr_block": "172.23.100.0/22",
            "customer_owned_ipv4_pool": "",
            "enable_dns64": false,
            "enable_resource_name_dns_a_record_on_launch": false,
            "enable_resource_name_dns_aaaa_record_on_launch": false,
            "id": "subnet-0ea7c5ffb64a3db0a",
            "ipv6_cidr_block": "",
            "ipv6_cidr_block_association_id": "",
            "ipv6_native": false,
            "map_customer_owned_ip_on_launch": false,
            "map_public_ip_on_launch": true,
            "outpost_arn": "",
            "owner_id": "857120324933",
            "private_dns_hostname_type_on_launch": "ip-name",
            "tags": {
              "Name": "caldera-test_public"
            },
            "tags_all": {
              "Name": "caldera-test_public"
            },
            "timeouts": null,
            "vpc_id": "vpc-0ddcddca4d8dbbfd6"
          },
          "sensitive_attributes": [],
          "private": "eyJlMmJmYjczMC1lY2FhLTExZTYtOGY4OC0zNDM2M2JjN2M0YzAiOnsiY3JlYXRlIjo2MDAwMDAwMDAwMDAsImRlbGV0ZSI6MTIwMDAwMDAwMDAwMH0sInNjaGVtYV92ZXJzaW9uIjoiMSJ9",
          "dependencies": [
            "module.vpc.aws_vpc.this",
            "module.vpc.aws_vpc_ipv4_cidr_block_association.this"
          ]
        },
        {
          "index_key": 4,
          "schema_version": 1,
          "attributes": {
            "arn": "arn:aws:ec2:us-east-1:857120324933:subnet/subnet-0887471feac06adc6",
            "assign_ipv6_address_on_creation": false,
            "availability_zone": "us-east-1f",
            "availability_zone_id": "use1-az5",
            "cidr_block": "172.23.164.0/22",
            "customer_owned_ipv4_pool": "",
            "enable_dns64": false,
            "enable_resource_name_dns_a_record_on_launch": false,
            "enable_resource_name_dns_aaaa_record_on_launch": false,
            "id": "subnet-0887471feac06adc6",
            "ipv6_cidr_block": "",
            "ipv6_cidr_block_association_id": "",
            "ipv6_native": false,
            "map_customer_owned_ip_on_launch": false,
            "map_public_ip_on_launch": true,
            "outpost_arn": "",
            "owner_id": "857120324933",
            "private_dns_hostname_type_on_launch": "ip-name",
            "tags": {
              "Name": "caldera-test_public"
            },
            "tags_all": {
              "Name": "caldera-test_public"
            },
            "timeouts": null,
            "vpc_id": "vpc-0ddcddca4d8dbbfd6"
          },
          "sensitive_attributes": [],
          "private": "eyJlMmJmYjczMC1lY2FhLTExZTYtOGY4OC0zNDM2M2JjN2M0YzAiOnsiY3JlYXRlIjo2MDAwMDAwMDAwMDAsImRlbGV0ZSI6MTIwMDAwMDAwMDAwMH0sInNjaGVtYV92ZXJzaW9uIjoiMSJ9",
          "dependencies": [
            "module.vpc.aws_vpc.this",
            "module.vpc.aws_vpc_ipv4_cidr_block_association.this"
          ]
        }
      ]
    },
    {
      "module": "module.vpc",
      "mode": "managed",
      "type": "aws_vpc",
      "name": "this",
      "provider": "provider[\"registry.terraform.io/hashicorp/aws\"]",
      "instances": [
        {
          "index_key": 0,
          "schema_version": 1,
          "attributes": {
            "arn": "arn:aws:ec2:us-east-1:857120324933:vpc/vpc-0ddcddca4d8dbbfd6",
            "assign_generated_ipv6_cidr_block": false,
            "cidr_block": "172.23.0.0/16",
            "default_network_acl_id": "acl-0575e49f39ab3eb9b",
            "default_route_table_id": "rtb-040f93fb231d5016b",
            "default_security_group_id": "sg-0fcf7900198f1b64f",
            "dhcp_options_id": "dopt-03206be47d7610f92",
            "enable_classiclink": false,
            "enable_classiclink_dns_support": false,
            "enable_dns_hostnames": true,
            "enable_dns_support": true,
            "id": "vpc-0ddcddca4d8dbbfd6",
            "instance_tenancy": "default",
            "ipv4_ipam_pool_id": null,
            "ipv4_netmask_length": null,
            "ipv6_association_id": "",
            "ipv6_cidr_block": "",
            "ipv6_cidr_block_network_border_group": "",
            "ipv6_ipam_pool_id": "",
            "ipv6_netmask_length": 0,
            "main_route_table_id": "rtb-040f93fb231d5016b",
            "owner_id": "857120324933",
            "tags": {
              "Name": "VPC"
            },
            "tags_all": {
              "Name": "VPC"
            }
          },
          "sensitive_attributes": [],
          "private": "eyJzY2hlbWFfdmVyc2lvbiI6IjEifQ=="
        }
      ]
    }
  ]
}
