{
  "version": 4,
  "terraform_version": "1.2.4",
  "serial": 107,
  "lineage": "650b77a1-5320-42fd-5487-8699658a278b",
  "outputs": {
    "caldera_server_id": {
      "value": "i-0a7f8eaa7a56e4372",
      "type": "string"
    },
    "caldera_server_ip": {
      "value": "18.206.155.211",
      "type": "string"
    },
    "linux_host_id": {
      "value": "i-0b3c2281a49f04358",
      "type": "string"
    },
    "linux_host_ip": {
      "value": "172.23.32.95",
      "type": "string"
    },
    "rsa_private_key": {
      "value": "-----BEGIN RSA PRIVATE KEY-----\nMIIJKAIBAAKCAgEAsFB8gXwecO5dyf2kPoEY1azt4Sve3hlv9kKmo7mm6k1v5Og+\nwyyjDNzbGw0EoGUwM+aJ0Qq10jJDPBj0jJ1xP5ilhn1DMzjL1SX+nwNCvQI1KsYw\ntimoQSolO/PB3R9hWm//sU6LSpyfQJNqE83/Lql881TnVcS4Rt5tErreHyfXw4eg\nUFhaPPTu4scSLkWrk/s7QcGNQN+Ui0ihpIAbbldtGGF7PvCMZorXp+g908srPIgN\nNmwKODKoMwaIPxwFMW9YmGM/RvfdlE9ahwJIMPjr6OCKF+woKT0nDgQWxGHo1Gw1\nwyRkYrLIS3YTaGOiSFvke7nrQogQaILVaUWC8Gh0u/pomNGEcOq39CmjJu+hDA5d\nueqhzwVwFWBn+BSC5N8K4py0nQLakBm2JkH5sDLw5bCVIopNJixzWV0mrZgVk0A3\nzHlUCs9t/WPrGycf3bWBfA0BTqVmEkM/R67LkkMpXmibE9ADIifTtCbIS0KKLozm\nNonlGI9IwFSuxoXhdFznpJTPBF1t1UUc1+bOgOS41hiMPAqucdcxOdsUEVmQugEK\n66eA0q/vstqcPOTRLBvLp5VKzFjvvkStr5/iLxS0ST5Xv8cKs7PSyzOP30pZ6MLt\nKtiLn2eA8g1HtY9ITqfMstJ//f/bSCZsEsS0bUQJ+KDjTPIoxkjtrDQGanECAwEA\nAQKCAgA0iUcQLjPD4sL/lRyDo2QLB2Q6XCAkfd/muSV+U6tw1XIp+yn4biyHgKeo\n/9AJGx2p2V/nchGLeH6gQa9c1u0PziREVr7XXG0gLhoYt5gDSc0d2cBaBz+jazN9\nEb0KbndLw2OlKYpHyTOKwmIxVIhdFxOsTfhAjkV6mHxXwGa/Udfw41DZn/oDf9hO\nqpK4RvpBNfMKPOoiEnzoo9PGeIWz80kGosVek77CL0zjM0h4+2j+uGt3c+n3pOCJ\nk8C1TVwextbXUXthYiocLykCYaOxM/rXgVCkoDG3WAlzG7TM/3+pDDVY2FcxMaSN\nF7nguQ96ECec1mFLic+Z1KJSo+vHyAkOzeje/hSNj8kwNjXIMCLVHYk+p0LVl/u5\nghtoLYtRhUFYj921aa+TuMG8V4Xq35ISKakgl2iM8RFlZLZD/6GiupSv1jAkE4Et\nanYnJys7uu7TziqtL2Yu1D5Y++mZWUMI0WtWASrMgfh+I18SUhX7HyEUTW/gXMsr\nXqx26Zjh6v/dScOgTpGIyDkGF4j11O9Pa2Nq0r7syAAQ894Bta2yFUPGcq18Yn74\n5MS/Q3ap3kjmS5NuB6lmhFPyPc0KGhrzmgZkxLYXMqHgf8mxkEnjVYcB6xjxxHOH\n04KYg7liKu6rC2VilxqBSmw8p5xPBEkClrj6fKhR/SNENBRbgQKCAQEAyORDWJaf\nEk6IgEtDfm7wo6RPP+ZlmBssilT/7Chr300CC5eYyFRvjIk+wkvqMs7Ee3KkqRDu\nhF+BGrzvv83tyYaaaj/hHO29p9CIUL+i/zoMUbcKf78IKzpSCWtWrQltOjJyLnp/\nymzkLnlNEmWIBSvsdPiFiSDUsqU4sl9JZTByt6fhrExBGr3jwwwTFmK40Pa8F9Bc\n8jRtGlAwudtW8diyZOAQRU/g7aDVa+he76XQ1PsFDOf9xBcq01uU5hRTMBK22W9A\nr0MSZg36qfjvCsZJsFFgMMz+U4evM2XhTw2beU5O94uLeGh22GGqne0lXMjerZsw\n5BYfGbxKqxUdvQKCAQEA4K5FXJtgVBYwF+d/szNk4336yGel6JUmD+f9d1R+JGJ4\nXsqtjMTJ1ry+aDpzGiZhNbKrOAfKuLmstC+QO8PRPmLkv9jzFYEepbX8a74QQoE0\nangiGI2IGg+q54m56vd1BGW/mMZkqgU6+ZoqTmsT+nQ2szGAJpJfl7CIPTaPZsAq\nz32HbDjMdfJxU+WVFrMhkC1vwVomv9WUo/XJ1qtIkUHWsw7pWitLHOBIQEYdZ4Kl\nxyVQW184XB22ZVUqHpk2hC9JwWG/cgosrFodmUrIDiKfms+Alfu1JK8pzG0nwOLX\nnx5Z3Xdbm4SJS8QMOwG22nWNvGKgiwwQTW7R+DUoxQKCAQB5rklcj18qp4bmrq/j\nFS+M7ylReyxuRYdlArdBQ/qS9wIWI2zXas1mQntRFMp2m+dHHtm9zhOq+m4o0+gk\nNYeiWXWOhcLE0vvdeeIXhvwju/VaSZSCbCN2i4zFR87oYJ1YctXWcTyWT/6mZ7LX\nQchx2XkQILhBpzEuRAVjhXPfZskVlQqMYmPM3tfmfJnTJVjsuYaUphCmZDrxhUD+\nUm0HcEod79nrIccMKC8dfVKDtdwYJTOZ7as36xB1lTNLaWQ56hv29/wmLGoohq8d\n5TplPFXGBoRNCt3Bmp30c/FVANj7UQNjzZJdDGlwBzhhEBNhcAnw/d9PSFbuL67K\nka/BAoIBAQCMOzj/e9q7oL2TreF+L22gr1h/DHH4oF6JPvpsKEgy3WLThxya55gy\ndstAsnp0r8+sfD9xUSut7/Vi4Ozc4HMQxRiQxQ+zNEu0kcliVdZAK/RTH3foay2v\nVmgM62EmzhwzCm5zJCBgHbOZZidRmnN1tmMNpK+fY2xWeNAPpKYMM5SEvIxxd2Hl\nm9Qv0PMkn9kq67D8tQ/KW7vSOe4oFe/M+ZLPX1c1+B+BflqaAykHGfvuN9PXs66x\nj7nvtR/8yRPFnN4j3KZovwDy8avXqV0DtYh4T1qqQdfldY5ZESfms65wmbjtCTob\n7rTinRIlIgTGhOhZ1BTvtC/YpHpYuJUhAoIBADY35PXFkgpMNChicymCc0Ow4zBy\nZg3Q1HaHy/EqfE44kePVe4z1T678jvbJSG9K/GDVq0Foiq1I+hgHY+/JSm5t0Qe7\nUl44CSawyRk5CxIZoVa/YcRpMDhskEU+DasryPlg0zMcfuspUVamvC0gwlmUN7GT\npWRBUZzfTBm9TXP7HV7gA9SBsxmeikpU5WqzLHiWDylLdub1Ijw14okYNYQixMWD\ncIJBNlRqTW24AyaP+P2w2XHd6nNC/Xjdfj7dKS2a8srKKR8If/hhevVxv6A3955f\nQm5/O2O5NkPB6VHhzLfqa7tD+QXLa+rCJu9wI3OumGKwSd7YTNC4KkXOPr8=\n-----END RSA PRIVATE KEY-----\n",
      "type": "string"
    },
    "windows_host_id": {
      "value": "i-0ec33d6359bd8d72b",
      "type": "string"
    },
    "windows_host_ip": {
      "value": "172.23.64.95",
      "type": "string"
    }
  },
  "resources": [
    {
      "mode": "managed",
      "type": "aws_instance",
      "name": "caldera_server",
      "provider": "provider[\"registry.terraform.io/hashicorp/aws\"]",
      "instances": [
        {
          "schema_version": 1,
          "attributes": {
            "ami": "ami-09d56f8956ab235b3",
            "arn": "arn:aws:ec2:us-east-1:566879691663:instance/i-0a7f8eaa7a56e4372",
            "associate_public_ip_address": true,
            "availability_zone": "us-east-1a",
            "capacity_reservation_specification": [
              {
                "capacity_reservation_preference": "open",
                "capacity_reservation_target": []
              }
            ],
            "cpu_core_count": 1,
            "cpu_threads_per_core": 2,
            "credit_specification": [
              {
                "cpu_credits": "unlimited"
              }
            ],
            "disable_api_stop": false,
            "disable_api_termination": false,
            "ebs_block_device": [],
            "ebs_optimized": false,
            "enclave_options": [
              {
                "enabled": false
              }
            ],
            "ephemeral_block_device": [],
            "get_password_data": false,
            "hibernation": false,
            "host_id": null,
            "iam_instance_profile": "",
            "id": "i-0a7f8eaa7a56e4372",
            "instance_initiated_shutdown_behavior": "stop",
            "instance_state": "running",
            "instance_type": "t3.medium",
            "ipv6_address_count": 0,
            "ipv6_addresses": [],
            "key_name": "caldera-nodes",
            "launch_template": [],
            "maintenance_options": [
              {
                "auto_recovery": "default"
              }
            ],
            "metadata_options": [
              {
                "http_endpoint": "enabled",
                "http_put_response_hop_limit": 1,
                "http_tokens": "optional",
                "instance_metadata_tags": "disabled"
              }
            ],
            "monitoring": false,
            "network_interface": [],
            "outpost_arn": "",
            "password_data": "",
            "placement_group": "",
            "placement_partition_number": null,
            "primary_network_interface_id": "eni-09ae4538279275d8a",
            "private_dns": "ip-172-23-4-95.ec2.internal",
            "private_dns_name_options": [
              {
                "enable_resource_name_dns_a_record": false,
                "enable_resource_name_dns_aaaa_record": false,
                "hostname_type": "ip-name"
              }
            ],
            "private_ip": "172.23.4.95",
            "public_dns": "ec2-18-206-155-211.compute-1.amazonaws.com",
            "public_ip": "18.206.155.211",
            "root_block_device": [
              {
                "delete_on_termination": true,
                "device_name": "/dev/sda1",
                "encrypted": false,
                "iops": 100,
                "kms_key_id": "",
                "tags": {},
                "throughput": 0,
                "volume_id": "vol-02c054270eded8bd0",
                "volume_size": 8,
                "volume_type": "gp2"
              }
            ],
            "secondary_private_ips": [],
            "security_groups": [],
            "source_dest_check": true,
            "subnet_id": "subnet-0905ccdd852d12acf",
            "tags": {
              "Name": "caldera_server",
              "environment": "caldera-test"
            },
            "tags_all": {
              "Name": "caldera_server",
              "environment": "caldera-test"
            },
            "tenancy": "default",
            "timeouts": null,
            "user_data": null,
            "user_data_base64": null,
            "user_data_replace_on_change": false,
            "volume_tags": null,
            "vpc_security_group_ids": [
              "sg-0cc532f5d9fa30059"
            ]
          },
          "sensitive_attributes": [],
          "private": "eyJlMmJmYjczMC1lY2FhLTExZTYtOGY4OC0zNDM2M2JjN2M0YzAiOnsiY3JlYXRlIjo2MDAwMDAwMDAwMDAsImRlbGV0ZSI6MTIwMDAwMDAwMDAwMCwidXBkYXRlIjo2MDAwMDAwMDAwMDB9LCJzY2hlbWFfdmVyc2lvbiI6IjEifQ==",
          "dependencies": [
            "aws_security_group.sg_caldera_server",
            "module.aws_rsa_key.aws_key_pair.worker",
            "module.aws_rsa_key.local_file.ssh_local",
            "module.aws_rsa_key.tls_private_key.ssh_key",
            "module.vpc.aws_cloudwatch_log_group.flow_log",
            "module.vpc.aws_customer_gateway.this",
            "module.vpc.aws_db_subnet_group.database",
            "module.vpc.aws_default_network_acl.this",
            "module.vpc.aws_default_route_table.default",
            "module.vpc.aws_default_security_group.this",
            "module.vpc.aws_default_vpc.this",
            "module.vpc.aws_egress_only_internet_gateway.this",
            "module.vpc.aws_eip.nat",
            "module.vpc.aws_elasticache_subnet_group.elasticache",
            "module.vpc.aws_flow_log.this",
            "module.vpc.aws_iam_policy.vpc_flow_log_cloudwatch",
            "module.vpc.aws_iam_role.vpc_flow_log_cloudwatch",
            "module.vpc.aws_iam_role_policy_attachment.vpc_flow_log_cloudwatch",
            "module.vpc.aws_internet_gateway.this",
            "module.vpc.aws_nat_gateway.this",
            "module.vpc.aws_network_acl.database",
            "module.vpc.aws_network_acl.elasticache",
            "module.vpc.aws_network_acl.intra",
            "module.vpc.aws_network_acl.outpost",
            "module.vpc.aws_network_acl.private",
            "module.vpc.aws_network_acl.public",
            "module.vpc.aws_network_acl.redshift",
            "module.vpc.aws_network_acl_rule.database_inbound",
            "module.vpc.aws_network_acl_rule.database_outbound",
            "module.vpc.aws_network_acl_rule.elasticache_inbound",
            "module.vpc.aws_network_acl_rule.elasticache_outbound",
            "module.vpc.aws_network_acl_rule.intra_inbound",
            "module.vpc.aws_network_acl_rule.intra_outbound",
            "module.vpc.aws_network_acl_rule.outpost_inbound",
            "module.vpc.aws_network_acl_rule.outpost_outbound",
            "module.vpc.aws_network_acl_rule.private_inbound",
            "module.vpc.aws_network_acl_rule.private_outbound",
            "module.vpc.aws_network_acl_rule.public_inbound",
            "module.vpc.aws_network_acl_rule.public_outbound",
            "module.vpc.aws_network_acl_rule.redshift_inbound",
            "module.vpc.aws_network_acl_rule.redshift_outbound",
            "module.vpc.aws_redshift_subnet_group.redshift",
            "module.vpc.aws_route.database_internet_gateway",
            "module.vpc.aws_route.database_ipv6_egress",
            "module.vpc.aws_route.database_nat_gateway",
            "module.vpc.aws_route.private_ipv6_egress",
            "module.vpc.aws_route.private_nat_gateway",
            "module.vpc.aws_route.public_internet_gateway",
            "module.vpc.aws_route.public_internet_gateway_ipv6",
            "module.vpc.aws_route_table.database",
            "module.vpc.aws_route_table.elasticache",
            "module.vpc.aws_route_table.intra",
            "module.vpc.aws_route_table.private",
            "module.vpc.aws_route_table.public",
            "module.vpc.aws_route_table.redshift",
            "module.vpc.aws_route_table_association.database",
            "module.vpc.aws_route_table_association.elasticache",
            "module.vpc.aws_route_table_association.intra",
            "module.vpc.aws_route_table_association.outpost",
            "module.vpc.aws_route_table_association.private",
            "module.vpc.aws_route_table_association.public",
            "module.vpc.aws_route_table_association.redshift",
            "module.vpc.aws_route_table_association.redshift_public",
            "module.vpc.aws_subnet.database",
            "module.vpc.aws_subnet.elasticache",
            "module.vpc.aws_subnet.intra",
            "module.vpc.aws_subnet.outpost",
            "module.vpc.aws_subnet.private",
            "module.vpc.aws_subnet.public",
            "module.vpc.aws_subnet.redshift",
            "module.vpc.aws_vpc.this",
            "module.vpc.aws_vpc_dhcp_options.this",
            "module.vpc.aws_vpc_dhcp_options_association.this",
            "module.vpc.aws_vpc_ipv4_cidr_block_association.this",
            "module.vpc.aws_vpn_gateway.this",
            "module.vpc.aws_vpn_gateway_attachment.this",
            "module.vpc.aws_vpn_gateway_route_propagation.intra",
            "module.vpc.aws_vpn_gateway_route_propagation.private",
            "module.vpc.aws_vpn_gateway_route_propagation.public",
            "module.vpc.data.aws_iam_policy_document.flow_log_cloudwatch_assume_role",
            "module.vpc.data.aws_iam_policy_document.vpc_flow_log_cloudwatch"
          ]
        }
      ]
    },
    {
      "mode": "managed",
      "type": "aws_instance",
      "name": "linux_host",
      "provider": "provider[\"registry.terraform.io/hashicorp/aws\"]",
      "instances": [
        {
          "schema_version": 1,
          "attributes": {
            "ami": "ami-09d56f8956ab235b3",
            "arn": "arn:aws:ec2:us-east-1:780171452443:instance/i-0b3c2281a49f04358",
            "associate_public_ip_address": false,
            "availability_zone": "us-east-1b",
            "capacity_reservation_specification": [
              {
                "capacity_reservation_preference": "open",
                "capacity_reservation_target": []
              }
            ],
            "cpu_core_count": 1,
            "cpu_threads_per_core": 1,
            "credit_specification": [
              {
                "cpu_credits": "standard"
              }
            ],
            "disable_api_stop": false,
            "disable_api_termination": false,
            "ebs_block_device": [],
            "ebs_optimized": false,
            "enclave_options": [
              {
                "enabled": false
              }
            ],
            "ephemeral_block_device": [],
            "get_password_data": false,
            "hibernation": false,
            "host_id": null,
            "iam_instance_profile": "",
            "id": "i-0b3c2281a49f04358",
            "instance_initiated_shutdown_behavior": "stop",
            "instance_state": "running",
            "instance_type": "t2.small",
            "ipv6_address_count": 0,
            "ipv6_addresses": [],
            "key_name": "caldera-nodes",
            "launch_template": [],
            "maintenance_options": [
              {
                "auto_recovery": "default"
              }
            ],
            "metadata_options": [
              {
                "http_endpoint": "enabled",
                "http_put_response_hop_limit": 1,
                "http_tokens": "optional",
                "instance_metadata_tags": "disabled"
              }
            ],
            "monitoring": false,
            "network_interface": [],
            "outpost_arn": "",
            "password_data": "",
            "placement_group": "",
            "placement_partition_number": null,
            "primary_network_interface_id": "eni-04ba452c1af97aa74",
            "private_dns": "ip-172-23-32-95.ec2.internal",
            "private_dns_name_options": [
              {
                "enable_resource_name_dns_a_record": false,
                "enable_resource_name_dns_aaaa_record": false,
                "hostname_type": "ip-name"
              }
            ],
            "private_ip": "172.23.32.95",
            "public_dns": "",
            "public_ip": "",
            "root_block_device": [
              {
                "delete_on_termination": true,
                "device_name": "/dev/sda1",
                "encrypted": false,
                "iops": 100,
                "kms_key_id": "",
                "tags": {},
                "throughput": 0,
                "volume_id": "vol-06b918987065b75a2",
                "volume_size": 8,
                "volume_type": "gp2"
              }
            ],
            "secondary_private_ips": [],
            "security_groups": [],
            "source_dest_check": true,
            "subnet_id": "subnet-0299408a753f42902",
            "tags": {
              "Name": "linux_host",
              "environment": "caldera-test"
            },
            "tags_all": {
              "Name": "linux_host",
              "environment": "caldera-test"
            },
            "tenancy": "default",
            "timeouts": null,
            "user_data": null,
            "user_data_base64": null,
            "user_data_replace_on_change": false,
            "volume_tags": null,
            "vpc_security_group_ids": [
              "sg-0eb11401d8a388e32"
            ]
          },
          "sensitive_attributes": [],
          "private": "eyJlMmJmYjczMC1lY2FhLTExZTYtOGY4OC0zNDM2M2JjN2M0YzAiOnsiY3JlYXRlIjo2MDAwMDAwMDAwMDAsImRlbGV0ZSI6MTIwMDAwMDAwMDAwMCwidXBkYXRlIjo2MDAwMDAwMDAwMDB9LCJzY2hlbWFfdmVyc2lvbiI6IjEifQ==",
          "dependencies": [
            "aws_instance.caldera_server",
            "aws_security_group.sg_caldera_linux",
            "module.aws_rsa_key.aws_key_pair.worker",
            "module.aws_rsa_key.local_file.ssh_local",
            "module.aws_rsa_key.tls_private_key.ssh_key",
            "module.vpc.aws_cloudwatch_log_group.flow_log",
            "module.vpc.aws_customer_gateway.this",
            "module.vpc.aws_db_subnet_group.database",
            "module.vpc.aws_default_network_acl.this",
            "module.vpc.aws_default_route_table.default",
            "module.vpc.aws_default_security_group.this",
            "module.vpc.aws_default_vpc.this",
            "module.vpc.aws_egress_only_internet_gateway.this",
            "module.vpc.aws_eip.nat",
            "module.vpc.aws_elasticache_subnet_group.elasticache",
            "module.vpc.aws_flow_log.this",
            "module.vpc.aws_iam_policy.vpc_flow_log_cloudwatch",
            "module.vpc.aws_iam_role.vpc_flow_log_cloudwatch",
            "module.vpc.aws_iam_role_policy_attachment.vpc_flow_log_cloudwatch",
            "module.vpc.aws_internet_gateway.this",
            "module.vpc.aws_nat_gateway.this",
            "module.vpc.aws_network_acl.database",
            "module.vpc.aws_network_acl.elasticache",
            "module.vpc.aws_network_acl.intra",
            "module.vpc.aws_network_acl.outpost",
            "module.vpc.aws_network_acl.private",
            "module.vpc.aws_network_acl.public",
            "module.vpc.aws_network_acl.redshift",
            "module.vpc.aws_network_acl_rule.database_inbound",
            "module.vpc.aws_network_acl_rule.database_outbound",
            "module.vpc.aws_network_acl_rule.elasticache_inbound",
            "module.vpc.aws_network_acl_rule.elasticache_outbound",
            "module.vpc.aws_network_acl_rule.intra_inbound",
            "module.vpc.aws_network_acl_rule.intra_outbound",
            "module.vpc.aws_network_acl_rule.outpost_inbound",
            "module.vpc.aws_network_acl_rule.outpost_outbound",
            "module.vpc.aws_network_acl_rule.private_inbound",
            "module.vpc.aws_network_acl_rule.private_outbound",
            "module.vpc.aws_network_acl_rule.public_inbound",
            "module.vpc.aws_network_acl_rule.public_outbound",
            "module.vpc.aws_network_acl_rule.redshift_inbound",
            "module.vpc.aws_network_acl_rule.redshift_outbound",
            "module.vpc.aws_redshift_subnet_group.redshift",
            "module.vpc.aws_route.database_internet_gateway",
            "module.vpc.aws_route.database_ipv6_egress",
            "module.vpc.aws_route.database_nat_gateway",
            "module.vpc.aws_route.private_ipv6_egress",
            "module.vpc.aws_route.private_nat_gateway",
            "module.vpc.aws_route.public_internet_gateway",
            "module.vpc.aws_route.public_internet_gateway_ipv6",
            "module.vpc.aws_route_table.database",
            "module.vpc.aws_route_table.elasticache",
            "module.vpc.aws_route_table.intra",
            "module.vpc.aws_route_table.private",
            "module.vpc.aws_route_table.public",
            "module.vpc.aws_route_table.redshift",
            "module.vpc.aws_route_table_association.database",
            "module.vpc.aws_route_table_association.elasticache",
            "module.vpc.aws_route_table_association.intra",
            "module.vpc.aws_route_table_association.outpost",
            "module.vpc.aws_route_table_association.private",
            "module.vpc.aws_route_table_association.public",
            "module.vpc.aws_route_table_association.redshift",
            "module.vpc.aws_route_table_association.redshift_public",
            "module.vpc.aws_subnet.database",
            "module.vpc.aws_subnet.elasticache",
            "module.vpc.aws_subnet.intra",
            "module.vpc.aws_subnet.outpost",
            "module.vpc.aws_subnet.private",
            "module.vpc.aws_subnet.public",
            "module.vpc.aws_subnet.redshift",
            "module.vpc.aws_vpc.this",
            "module.vpc.aws_vpc_dhcp_options.this",
            "module.vpc.aws_vpc_dhcp_options_association.this",
            "module.vpc.aws_vpc_ipv4_cidr_block_association.this",
            "module.vpc.aws_vpn_gateway.this",
            "module.vpc.aws_vpn_gateway_attachment.this",
            "module.vpc.aws_vpn_gateway_route_propagation.intra",
            "module.vpc.aws_vpn_gateway_route_propagation.private",
            "module.vpc.aws_vpn_gateway_route_propagation.public",
            "module.vpc.data.aws_iam_policy_document.flow_log_cloudwatch_assume_role",
            "module.vpc.data.aws_iam_policy_document.vpc_flow_log_cloudwatch"
          ]
        }
      ]
    },
    {
      "mode": "managed",
      "type": "aws_instance",
      "name": "windows_host",
      "provider": "provider[\"registry.terraform.io/hashicorp/aws\"]",
      "instances": [
        {
          "schema_version": 1,
          "attributes": {
            "ami": "ami-0193dcf9aa4f5654e",
            "arn": "arn:aws:ec2:us-east-1:780171452443:instance/i-0ec33d6359bd8d72b",
            "associate_public_ip_address": false,
            "availability_zone": "us-east-1c",
            "capacity_reservation_specification": [
              {
                "capacity_reservation_preference": "open",
                "capacity_reservation_target": []
              }
            ],
            "cpu_core_count": 1,
            "cpu_threads_per_core": 2,
            "credit_specification": [
              {
                "cpu_credits": "unlimited"
              }
            ],
            "disable_api_stop": false,
            "disable_api_termination": false,
            "ebs_block_device": [],
            "ebs_optimized": false,
            "enclave_options": [
              {
                "enabled": false
              }
            ],
            "ephemeral_block_device": [],
            "get_password_data": false,
            "hibernation": false,
            "host_id": null,
            "iam_instance_profile": "",
            "id": "i-0ec33d6359bd8d72b",
            "instance_initiated_shutdown_behavior": "stop",
            "instance_state": "running",
            "instance_type": "t3.medium",
            "ipv6_address_count": 0,
            "ipv6_addresses": [],
            "key_name": "caldera-nodes",
            "launch_template": [],
            "maintenance_options": [
              {
                "auto_recovery": "default"
              }
            ],
            "metadata_options": [
              {
                "http_endpoint": "enabled",
                "http_put_response_hop_limit": 1,
                "http_tokens": "optional",
                "instance_metadata_tags": "disabled"
              }
            ],
            "monitoring": false,
            "network_interface": [],
            "outpost_arn": "",
            "password_data": "",
            "placement_group": "",
            "placement_partition_number": null,
            "primary_network_interface_id": "eni-03c467627ba4974fc",
            "private_dns": "ip-172-23-64-95.ec2.internal",
            "private_dns_name_options": [
              {
                "enable_resource_name_dns_a_record": false,
                "enable_resource_name_dns_aaaa_record": false,
                "hostname_type": "ip-name"
              }
            ],
            "private_ip": "172.23.64.95",
            "public_dns": "",
            "public_ip": "",
            "root_block_device": [
              {
                "delete_on_termination": true,
                "device_name": "/dev/sda1",
                "encrypted": false,
                "iops": 100,
                "kms_key_id": "",
                "tags": {},
                "throughput": 0,
                "volume_id": "vol-05d069667e1743c64",
                "volume_size": 30,
                "volume_type": "gp2"
              }
            ],
            "secondary_private_ips": [],
            "security_groups": [],
            "source_dest_check": true,
            "subnet_id": "subnet-0a0c5ca52e2ff70bd",
            "tags": {
              "Name": "windows_host",
              "environment": "caldera-test"
            },
            "tags_all": {
              "Name": "windows_host",
              "environment": "caldera-test"
            },
            "tenancy": "default",
            "timeouts": null,
            "user_data": "8d2cac9cfbb35aa92861f612274d1f1f6848e59c",
            "user_data_base64": null,
            "user_data_replace_on_change": false,
            "volume_tags": null,
            "vpc_security_group_ids": [
              "sg-071e53ce9256030fe"
            ]
          },
          "sensitive_attributes": [],
          "private": "eyJlMmJmYjczMC1lY2FhLTExZTYtOGY4OC0zNDM2M2JjN2M0YzAiOnsiY3JlYXRlIjo2MDAwMDAwMDAwMDAsImRlbGV0ZSI6MTIwMDAwMDAwMDAwMCwidXBkYXRlIjo2MDAwMDAwMDAwMDB9LCJzY2hlbWFfdmVyc2lvbiI6IjEifQ==",
          "dependencies": [
            "aws_instance.caldera_server",
            "aws_security_group.sg_caldera_windows",
            "module.aws_rsa_key.aws_key_pair.worker",
            "module.aws_rsa_key.local_file.ssh_local",
            "module.aws_rsa_key.tls_private_key.ssh_key",
            "module.vpc.aws_cloudwatch_log_group.flow_log",
            "module.vpc.aws_customer_gateway.this",
            "module.vpc.aws_db_subnet_group.database",
            "module.vpc.aws_default_network_acl.this",
            "module.vpc.aws_default_route_table.default",
            "module.vpc.aws_default_security_group.this",
            "module.vpc.aws_default_vpc.this",
            "module.vpc.aws_egress_only_internet_gateway.this",
            "module.vpc.aws_eip.nat",
            "module.vpc.aws_elasticache_subnet_group.elasticache",
            "module.vpc.aws_flow_log.this",
            "module.vpc.aws_iam_policy.vpc_flow_log_cloudwatch",
            "module.vpc.aws_iam_role.vpc_flow_log_cloudwatch",
            "module.vpc.aws_iam_role_policy_attachment.vpc_flow_log_cloudwatch",
            "module.vpc.aws_internet_gateway.this",
            "module.vpc.aws_nat_gateway.this",
            "module.vpc.aws_network_acl.database",
            "module.vpc.aws_network_acl.elasticache",
            "module.vpc.aws_network_acl.intra",
            "module.vpc.aws_network_acl.outpost",
            "module.vpc.aws_network_acl.private",
            "module.vpc.aws_network_acl.public",
            "module.vpc.aws_network_acl.redshift",
            "module.vpc.aws_network_acl_rule.database_inbound",
            "module.vpc.aws_network_acl_rule.database_outbound",
            "module.vpc.aws_network_acl_rule.elasticache_inbound",
            "module.vpc.aws_network_acl_rule.elasticache_outbound",
            "module.vpc.aws_network_acl_rule.intra_inbound",
            "module.vpc.aws_network_acl_rule.intra_outbound",
            "module.vpc.aws_network_acl_rule.outpost_inbound",
            "module.vpc.aws_network_acl_rule.outpost_outbound",
            "module.vpc.aws_network_acl_rule.private_inbound",
            "module.vpc.aws_network_acl_rule.private_outbound",
            "module.vpc.aws_network_acl_rule.public_inbound",
            "module.vpc.aws_network_acl_rule.public_outbound",
            "module.vpc.aws_network_acl_rule.redshift_inbound",
            "module.vpc.aws_network_acl_rule.redshift_outbound",
            "module.vpc.aws_redshift_subnet_group.redshift",
            "module.vpc.aws_route.database_internet_gateway",
            "module.vpc.aws_route.database_ipv6_egress",
            "module.vpc.aws_route.database_nat_gateway",
            "module.vpc.aws_route.private_ipv6_egress",
            "module.vpc.aws_route.private_nat_gateway",
            "module.vpc.aws_route.public_internet_gateway",
            "module.vpc.aws_route.public_internet_gateway_ipv6",
            "module.vpc.aws_route_table.database",
            "module.vpc.aws_route_table.elasticache",
            "module.vpc.aws_route_table.intra",
            "module.vpc.aws_route_table.private",
            "module.vpc.aws_route_table.public",
            "module.vpc.aws_route_table.redshift",
            "module.vpc.aws_route_table_association.database",
            "module.vpc.aws_route_table_association.elasticache",
            "module.vpc.aws_route_table_association.intra",
            "module.vpc.aws_route_table_association.outpost",
            "module.vpc.aws_route_table_association.private",
            "module.vpc.aws_route_table_association.public",
            "module.vpc.aws_route_table_association.redshift",
            "module.vpc.aws_route_table_association.redshift_public",
            "module.vpc.aws_subnet.database",
            "module.vpc.aws_subnet.elasticache",
            "module.vpc.aws_subnet.intra",
            "module.vpc.aws_subnet.outpost",
            "module.vpc.aws_subnet.private",
            "module.vpc.aws_subnet.public",
            "module.vpc.aws_subnet.redshift",
            "module.vpc.aws_vpc.this",
            "module.vpc.aws_vpc_dhcp_options.this",
            "module.vpc.aws_vpc_dhcp_options_association.this",
            "module.vpc.aws_vpc_ipv4_cidr_block_association.this",
            "module.vpc.aws_vpn_gateway.this",
            "module.vpc.aws_vpn_gateway_attachment.this",
            "module.vpc.aws_vpn_gateway_route_propagation.intra",
            "module.vpc.aws_vpn_gateway_route_propagation.private",
            "module.vpc.aws_vpn_gateway_route_propagation.public",
            "module.vpc.data.aws_iam_policy_document.flow_log_cloudwatch_assume_role",
            "module.vpc.data.aws_iam_policy_document.vpc_flow_log_cloudwatch"
          ]
        }
      ]
    },
    {
      "mode": "managed",
      "type": "aws_security_group",
      "name": "sg_caldera_linux",
      "provider": "provider[\"registry.terraform.io/hashicorp/aws\"]",
      "instances": [
        {
          "schema_version": 1,
          "attributes": {
            "arn": "arn:aws:ec2:us-east-1:780171452443:security-group/sg-0eb11401d8a388e32",
            "description": "Allow ssh access for linux host",
            "egress": [
              {
                "cidr_blocks": [
                  "0.0.0.0/0"
                ],
                "description": "",
                "from_port": 0,
                "ipv6_cidr_blocks": [],
                "prefix_list_ids": [],
                "protocol": "-1",
                "security_groups": [],
                "self": false,
                "to_port": 0
              }
            ],
            "id": "sg-0eb11401d8a388e32",
            "ingress": [
              {
                "cidr_blocks": [
                  "172.23.0.0/16"
                ],
                "description": "SSH port",
                "from_port": 22,
                "ipv6_cidr_blocks": [],
                "prefix_list_ids": [],
                "protocol": "tcp",
                "security_groups": [],
                "self": false,
                "to_port": 22
              }
            ],
            "name": "sg_caldera_linux",
            "name_prefix": "",
            "owner_id": "780171452443",
            "revoke_rules_on_delete": false,
            "tags": {
              "environment": "caldera-test"
            },
            "tags_all": {
              "environment": "caldera-test"
            },
            "timeouts": null,
            "vpc_id": "vpc-0bbdbb56dc6490584"
          },
          "sensitive_attributes": [],
          "private": "eyJlMmJmYjczMC1lY2FhLTExZTYtOGY4OC0zNDM2M2JjN2M0YzAiOnsiY3JlYXRlIjo2MDAwMDAwMDAwMDAsImRlbGV0ZSI6OTAwMDAwMDAwMDAwfSwic2NoZW1hX3ZlcnNpb24iOiIxIn0=",
          "dependencies": [
            "module.vpc.aws_vpc.this"
          ]
        }
      ]
    },
    {
      "mode": "managed",
      "type": "aws_security_group",
      "name": "sg_caldera_server",
      "provider": "provider[\"registry.terraform.io/hashicorp/aws\"]",
      "instances": [
        {
          "schema_version": 1,
          "attributes": {
            "arn": "arn:aws:ec2:us-east-1:566879691663:security-group/sg-0cc532f5d9fa30059",
            "description": "Allow ports for caldera server",
            "egress": [
              {
                "cidr_blocks": [
                  "0.0.0.0/0"
                ],
                "description": "",
                "from_port": 0,
                "ipv6_cidr_blocks": [],
                "prefix_list_ids": [],
                "protocol": "-1",
                "security_groups": [],
                "self": false,
                "to_port": 0
              }
            ],
            "id": "sg-0cc532f5d9fa30059",
            "ingress": [
              {
                "cidr_blocks": [
                  "0.0.0.0/0"
                ],
                "description": "Caldera server port",
                "from_port": 2288,
                "ipv6_cidr_blocks": [],
                "prefix_list_ids": [],
                "protocol": "tcp",
                "security_groups": [],
                "self": false,
                "to_port": 2288
              },
              {
                "cidr_blocks": [
                  "0.0.0.0/0"
                ],
                "description": "SSH from VPC",
                "from_port": 22,
                "ipv6_cidr_blocks": [],
                "prefix_list_ids": [],
                "protocol": "tcp",
                "security_groups": [],
                "self": false,
                "to_port": 22
              }
            ],
            "name": "sg_caldera_server",
            "name_prefix": "",
            "owner_id": "566879691663",
            "revoke_rules_on_delete": false,
            "tags": {
              "environment": "caldera-test"
            },
            "tags_all": {
              "environment": "caldera-test"
            },
            "timeouts": null,
            "vpc_id": "vpc-066b861fa61f744b4"
          },
          "sensitive_attributes": [],
          "private": "eyJlMmJmYjczMC1lY2FhLTExZTYtOGY4OC0zNDM2M2JjN2M0YzAiOnsiY3JlYXRlIjo2MDAwMDAwMDAwMDAsImRlbGV0ZSI6OTAwMDAwMDAwMDAwfSwic2NoZW1hX3ZlcnNpb24iOiIxIn0=",
          "dependencies": [
            "module.vpc.aws_vpc.this"
          ]
        }
      ]
    },
    {
      "mode": "managed",
      "type": "aws_security_group",
      "name": "sg_caldera_windows",
      "provider": "provider[\"registry.terraform.io/hashicorp/aws\"]",
      "instances": [
        {
          "schema_version": 1,
          "attributes": {
            "arn": "arn:aws:ec2:us-east-1:780171452443:security-group/sg-071e53ce9256030fe",
            "description": "Allow RDP for windows host",
            "egress": [
              {
                "cidr_blocks": [
                  "0.0.0.0/0"
                ],
                "description": "",
                "from_port": 0,
                "ipv6_cidr_blocks": [],
                "prefix_list_ids": [],
                "protocol": "-1",
                "security_groups": [],
                "self": false,
                "to_port": 0
              }
            ],
            "id": "sg-071e53ce9256030fe",
            "ingress": [
              {
                "cidr_blocks": [
                  "0.0.0.0/0"
                ],
                "description": "RDP port",
                "from_port": 3389,
                "ipv6_cidr_blocks": [],
                "prefix_list_ids": [],
                "protocol": "tcp",
                "security_groups": [],
                "self": false,
                "to_port": 3389
              }
            ],
            "name": "sg_caldera_windows",
            "name_prefix": "",
            "owner_id": "780171452443",
            "revoke_rules_on_delete": false,
            "tags": {
              "environment": "caldera-test"
            },
            "tags_all": {
              "environment": "caldera-test"
            },
            "timeouts": null,
            "vpc_id": "vpc-0bbdbb56dc6490584"
          },
          "sensitive_attributes": [],
          "private": "eyJlMmJmYjczMC1lY2FhLTExZTYtOGY4OC0zNDM2M2JjN2M0YzAiOnsiY3JlYXRlIjo2MDAwMDAwMDAwMDAsImRlbGV0ZSI6OTAwMDAwMDAwMDAwfSwic2NoZW1hX3ZlcnNpb24iOiIxIn0=",
          "dependencies": [
            "module.vpc.aws_vpc.this"
          ]
        }
      ]
    },
    {
      "module": "module.aws_rsa_key",
      "mode": "managed",
      "type": "aws_key_pair",
      "name": "worker",
      "provider": "provider[\"registry.terraform.io/hashicorp/aws\"]",
      "instances": [
        {
          "schema_version": 1,
          "attributes": {
            "arn": "arn:aws:ec2:us-east-1:566879691663:key-pair/caldera-nodes",
            "fingerprint": "14:26:d2:ab:c4:43:4f:c0:b7:7e:55:c7:8a:d3:4b:71",
            "id": "caldera-nodes",
            "key_name": "caldera-nodes",
            "key_name_prefix": "",
            "key_pair_id": "key-06f9569e5924668d4",
            "key_type": "rsa",
            "public_key": "ssh-rsa AAAAB3NzaC1yc2EAAAADAQABAAACAQCwUHyBfB5w7l3J/aQ+gRjVrO3hK97eGW/2QqajuabqTW/k6D7DLKMM3NsbDQSgZTAz5onRCrXSMkM8GPSMnXE/mKWGfUMzOMvVJf6fA0K9AjUqxjC2KahBKiU788HdH2Fab/+xTotKnJ9Ak2oTzf8uqXzzVOdVxLhG3m0Sut4fJ9fDh6BQWFo89O7ixxIuRauT+ztBwY1A35SLSKGkgBtuV20YYXs+8Ixmiten6D3Tyys8iA02bAo4MqgzBog/HAUxb1iYYz9G992UT1qHAkgw+Ovo4IoX7CgpPScOBBbEYejUbDXDJGRisshLdhNoY6JIW+R7uetCiBBogtVpRYLwaHS7+miY0YRw6rf0KaMm76EMDl256qHPBXAVYGf4FILk3wrinLSdAtqQGbYmQfmwMvDlsJUiik0mLHNZXSatmBWTQDfMeVQKz239Y+sbJx/dtYF8DQFOpWYSQz9HrsuSQyleaJsT0AMiJ9O0JshLQooujOY2ieUYj0jAVK7GheF0XOeklM8EXW3VRRzX5s6A5LjWGIw8Cq5x1zE52xQRWZC6AQrrp4DSr++y2pw85NEsG8unlUrMWO++RK2vn+IvFLRJPle/xwqzs9LLM4/fSlnowu0q2IufZ4DyDUe1j0hOp8yy0n/9/9tIJmwSxLRtRAn4oONM8ijGSO2sNAZqcQ==",
            "tags": null,
            "tags_all": {}
          },
          "sensitive_attributes": [],
          "private": "eyJzY2hlbWFfdmVyc2lvbiI6IjEifQ==",
          "dependencies": [
            "module.aws_rsa_key.tls_private_key.ssh_key",
            "module.vpc.aws_cloudwatch_log_group.flow_log",
            "module.vpc.aws_customer_gateway.this",
            "module.vpc.aws_db_subnet_group.database",
            "module.vpc.aws_default_network_acl.this",
            "module.vpc.aws_default_route_table.default",
            "module.vpc.aws_default_security_group.this",
            "module.vpc.aws_default_vpc.this",
            "module.vpc.aws_egress_only_internet_gateway.this",
            "module.vpc.aws_eip.nat",
            "module.vpc.aws_elasticache_subnet_group.elasticache",
            "module.vpc.aws_flow_log.this",
            "module.vpc.aws_iam_policy.vpc_flow_log_cloudwatch",
            "module.vpc.aws_iam_role.vpc_flow_log_cloudwatch",
            "module.vpc.aws_iam_role_policy_attachment.vpc_flow_log_cloudwatch",
            "module.vpc.aws_internet_gateway.this",
            "module.vpc.aws_nat_gateway.this",
            "module.vpc.aws_network_acl.database",
            "module.vpc.aws_network_acl.elasticache",
            "module.vpc.aws_network_acl.intra",
            "module.vpc.aws_network_acl.outpost",
            "module.vpc.aws_network_acl.private",
            "module.vpc.aws_network_acl.public",
            "module.vpc.aws_network_acl.redshift",
            "module.vpc.aws_network_acl_rule.database_inbound",
            "module.vpc.aws_network_acl_rule.database_outbound",
            "module.vpc.aws_network_acl_rule.elasticache_inbound",
            "module.vpc.aws_network_acl_rule.elasticache_outbound",
            "module.vpc.aws_network_acl_rule.intra_inbound",
            "module.vpc.aws_network_acl_rule.intra_outbound",
            "module.vpc.aws_network_acl_rule.outpost_inbound",
            "module.vpc.aws_network_acl_rule.outpost_outbound",
            "module.vpc.aws_network_acl_rule.private_inbound",
            "module.vpc.aws_network_acl_rule.private_outbound",
            "module.vpc.aws_network_acl_rule.public_inbound",
            "module.vpc.aws_network_acl_rule.public_outbound",
            "module.vpc.aws_network_acl_rule.redshift_inbound",
            "module.vpc.aws_network_acl_rule.redshift_outbound",
            "module.vpc.aws_redshift_subnet_group.redshift",
            "module.vpc.aws_route.database_internet_gateway",
            "module.vpc.aws_route.database_ipv6_egress",
            "module.vpc.aws_route.database_nat_gateway",
            "module.vpc.aws_route.private_ipv6_egress",
            "module.vpc.aws_route.private_nat_gateway",
            "module.vpc.aws_route.public_internet_gateway",
            "module.vpc.aws_route.public_internet_gateway_ipv6",
            "module.vpc.aws_route_table.database",
            "module.vpc.aws_route_table.elasticache",
            "module.vpc.aws_route_table.intra",
            "module.vpc.aws_route_table.private",
            "module.vpc.aws_route_table.public",
            "module.vpc.aws_route_table.redshift",
            "module.vpc.aws_route_table_association.database",
            "module.vpc.aws_route_table_association.elasticache",
            "module.vpc.aws_route_table_association.intra",
            "module.vpc.aws_route_table_association.outpost",
            "module.vpc.aws_route_table_association.private",
            "module.vpc.aws_route_table_association.public",
            "module.vpc.aws_route_table_association.redshift",
            "module.vpc.aws_route_table_association.redshift_public",
            "module.vpc.aws_subnet.database",
            "module.vpc.aws_subnet.elasticache",
            "module.vpc.aws_subnet.intra",
            "module.vpc.aws_subnet.outpost",
            "module.vpc.aws_subnet.private",
            "module.vpc.aws_subnet.public",
            "module.vpc.aws_subnet.redshift",
            "module.vpc.aws_vpc.this",
            "module.vpc.aws_vpc_dhcp_options.this",
            "module.vpc.aws_vpc_dhcp_options_association.this",
            "module.vpc.aws_vpc_ipv4_cidr_block_association.this",
            "module.vpc.aws_vpn_gateway.this",
            "module.vpc.aws_vpn_gateway_attachment.this",
            "module.vpc.aws_vpn_gateway_route_propagation.intra",
            "module.vpc.aws_vpn_gateway_route_propagation.private",
            "module.vpc.aws_vpn_gateway_route_propagation.public",
            "module.vpc.data.aws_iam_policy_document.flow_log_cloudwatch_assume_role",
            "module.vpc.data.aws_iam_policy_document.vpc_flow_log_cloudwatch"
          ]
        }
      ]
    },
    {
      "module": "module.aws_rsa_key",
      "mode": "managed",
      "type": "tls_private_key",
      "name": "ssh_key",
      "provider": "provider[\"registry.terraform.io/hashicorp/tls\"]",
      "instances": [
        {
          "schema_version": 1,
          "attributes": {
            "algorithm": "RSA",
            "ecdsa_curve": "P224",
            "id": "1f73dcc2935d3f1c5c27536e93ff123193c2baf6",
            "private_key_openssh": "-----BEGIN OPENSSH PRIVATE KEY-----\nb3BlbnNzaC1rZXktdjEAAAAABG5vbmUAAAAEbm9uZQAAAAAAAAABAAACFwAAAAdz\nc2gtcnNhAAAAAwEAAQAAAgEAsFB8gXwecO5dyf2kPoEY1azt4Sve3hlv9kKmo7mm\n6k1v5Og+wyyjDNzbGw0EoGUwM+aJ0Qq10jJDPBj0jJ1xP5ilhn1DMzjL1SX+nwNC\nvQI1KsYwtimoQSolO/PB3R9hWm//sU6LSpyfQJNqE83/Lql881TnVcS4Rt5tErre\nHyfXw4egUFhaPPTu4scSLkWrk/s7QcGNQN+Ui0ihpIAbbldtGGF7PvCMZorXp+g9\n08srPIgNNmwKODKoMwaIPxwFMW9YmGM/RvfdlE9ahwJIMPjr6OCKF+woKT0nDgQW\nxGHo1Gw1wyRkYrLIS3YTaGOiSFvke7nrQogQaILVaUWC8Gh0u/pomNGEcOq39Cmj\nJu+hDA5dueqhzwVwFWBn+BSC5N8K4py0nQLakBm2JkH5sDLw5bCVIopNJixzWV0m\nrZgVk0A3zHlUCs9t/WPrGycf3bWBfA0BTqVmEkM/R67LkkMpXmibE9ADIifTtCbI\nS0KKLozmNonlGI9IwFSuxoXhdFznpJTPBF1t1UUc1+bOgOS41hiMPAqucdcxOdsU\nEVmQugEK66eA0q/vstqcPOTRLBvLp5VKzFjvvkStr5/iLxS0ST5Xv8cKs7PSyzOP\n30pZ6MLtKtiLn2eA8g1HtY9ITqfMstJ//f/bSCZsEsS0bUQJ+KDjTPIoxkjtrDQG\nanEAAAc4IIm54yCJueMAAAAHc3NoLXJzYQAAAgEAsFB8gXwecO5dyf2kPoEY1azt\n4Sve3hlv9kKmo7mm6k1v5Og+wyyjDNzbGw0EoGUwM+aJ0Qq10jJDPBj0jJ1xP5il\nhn1DMzjL1SX+nwNCvQI1KsYwtimoQSolO/PB3R9hWm//sU6LSpyfQJNqE83/Lql8\n81TnVcS4Rt5tErreHyfXw4egUFhaPPTu4scSLkWrk/s7QcGNQN+Ui0ihpIAbbldt\nGGF7PvCMZorXp+g908srPIgNNmwKODKoMwaIPxwFMW9YmGM/RvfdlE9ahwJIMPjr\n6OCKF+woKT0nDgQWxGHo1Gw1wyRkYrLIS3YTaGOiSFvke7nrQogQaILVaUWC8Gh0\nu/pomNGEcOq39CmjJu+hDA5dueqhzwVwFWBn+BSC5N8K4py0nQLakBm2JkH5sDLw\n5bCVIopNJixzWV0mrZgVk0A3zHlUCs9t/WPrGycf3bWBfA0BTqVmEkM/R67LkkMp\nXmibE9ADIifTtCbIS0KKLozmNonlGI9IwFSuxoXhdFznpJTPBF1t1UUc1+bOgOS4\n1hiMPAqucdcxOdsUEVmQugEK66eA0q/vstqcPOTRLBvLp5VKzFjvvkStr5/iLxS0\nST5Xv8cKs7PSyzOP30pZ6MLtKtiLn2eA8g1HtY9ITqfMstJ//f/bSCZsEsS0bUQJ\n+KDjTPIoxkjtrDQGanEAAAADAQABAAACADSJRxAuM8Piwv+VHIOjZAsHZDpcICR9\n3+a5JX5Tq3DVcin7KfhuLIeAp6j/0AkbHanZX+dyEYt4fqBBr1zW7Q/OJERWvtdc\nbSAuGhi3mANJzR3ZwFoHP6NrM30RvQpud0vDY6UpikfJM4rCYjFUiF0XE6xN+ECO\nRXqYfFfAZr9R1/DjUNmf+gN/2E6qkrhG+kE18wo86iISfOij08Z4hbPzSQaixV6T\nvsIvTOMzSHj7aP64a3dz6fek4ImTwLVNXB7G1tdRe2FiKhwvKQJho7Ez+teBUKSg\nMbdYCXMbtMz/f6kMNVjYVzExpI0XueC5D3oQJ5zWYUuJz5nUolKj68fICQ7N6N7+\nFI2PyTA2NcgwItUdiT6nQtWX+7mCG2gti1GFQViP3bVpr5O4wbxXherfkhIpqSCX\naIzxEWVktkP/oaK6lK/WMCQTgS1qdicnKzu67tPOKq0vZi7UPlj76ZlZQwjRa1YB\nKsyB+H4jXxJSFfsfIRRNb+BcyyterHbpmOHq/91Jw6BOkYjIOQYXiPXU709rY2rS\nvuzIABDz3gG1rbIVQ8ZyrXxifvjkxL9DdqneSOZLk24HqWaEU/I9zQoaGvOaBmTE\nthcyoeB/ybGQSeNVhwHrGPHEc4fTgpiDuWIq7qsLZWKXGoFKbDynnE8ESQKWuPp8\nqFH9I0Q0FFuBAAABADY35PXFkgpMNChicymCc0Ow4zByZg3Q1HaHy/EqfE44kePV\ne4z1T678jvbJSG9K/GDVq0Foiq1I+hgHY+/JSm5t0Qe7Ul44CSawyRk5CxIZoVa/\nYcRpMDhskEU+DasryPlg0zMcfuspUVamvC0gwlmUN7GTpWRBUZzfTBm9TXP7HV7g\nA9SBsxmeikpU5WqzLHiWDylLdub1Ijw14okYNYQixMWDcIJBNlRqTW24AyaP+P2w\n2XHd6nNC/Xjdfj7dKS2a8srKKR8If/hhevVxv6A3955fQm5/O2O5NkPB6VHhzLfq\na7tD+QXLa+rCJu9wI3OumGKwSd7YTNC4KkXOPr8AAAEBAMjkQ1iWnxJOiIBLQ35u\n8KOkTz/mZZgbLIpU/+woa99NAguXmMhUb4yJPsJL6jLOxHtypKkQ7oRfgRq877/N\n7cmGmmo/4RztvafQiFC/ov86DFG3Cn+/CCs6UglrVq0JbToyci56f8ps5C55TRJl\niAUr7HT4hYkg1LKlOLJfSWUwcren4axMQRq948MMExZiuND2vBfQXPI0bRpQMLnb\nVvHYsmTgEEVP4O2g1WvoXu+l0NT7BQzn/cQXKtNblOYUUzASttlvQK9DEmYN+qn4\n7wrGSbBRYDDM/lOHrzNl4U8Nm3lOTveLi3hodthhqp3tJVzI3q2bMOQWHxm8SqsV\nHb0AAAEBAOCuRVybYFQWMBfnf7MzZON9+shnpeiVJg/n/XdUfiRieF7KrYzEyda8\nvmg6cxomYTWyqzgHyri5rLQvkDvD0T5i5L/Y8xWBHqW1/Gu+EEKBNGp4IhiNiBoP\nqueJuer3dQRlv5jGZKoFOvmaKk5rE/p0NrMxgCaSX5ewiD02j2bAKs99h2w4zHXy\ncVPllRazIZAtb8FaJr/VlKP1ydarSJFB1rMO6VorSxzgSEBGHWeCpcclUFtfOFwd\ntmVVKh6ZNoQvScFhv3IKLKxaHZlKyA4in5rPgJX7tSSvKcxtJ8Di158eWd13W5uE\niUvEDDsBttp1jbxioIsMEE1u0fg1KMUAAAAAAQID\n-----END OPENSSH PRIVATE KEY-----\n",
            "private_key_pem": "-----BEGIN RSA PRIVATE KEY-----\nMIIJKAIBAAKCAgEAsFB8gXwecO5dyf2kPoEY1azt4Sve3hlv9kKmo7mm6k1v5Og+\nwyyjDNzbGw0EoGUwM+aJ0Qq10jJDPBj0jJ1xP5ilhn1DMzjL1SX+nwNCvQI1KsYw\ntimoQSolO/PB3R9hWm//sU6LSpyfQJNqE83/Lql881TnVcS4Rt5tErreHyfXw4eg\nUFhaPPTu4scSLkWrk/s7QcGNQN+Ui0ihpIAbbldtGGF7PvCMZorXp+g908srPIgN\nNmwKODKoMwaIPxwFMW9YmGM/RvfdlE9ahwJIMPjr6OCKF+woKT0nDgQWxGHo1Gw1\nwyRkYrLIS3YTaGOiSFvke7nrQogQaILVaUWC8Gh0u/pomNGEcOq39CmjJu+hDA5d\nueqhzwVwFWBn+BSC5N8K4py0nQLakBm2JkH5sDLw5bCVIopNJixzWV0mrZgVk0A3\nzHlUCs9t/WPrGycf3bWBfA0BTqVmEkM/R67LkkMpXmibE9ADIifTtCbIS0KKLozm\nNonlGI9IwFSuxoXhdFznpJTPBF1t1UUc1+bOgOS41hiMPAqucdcxOdsUEVmQugEK\n66eA0q/vstqcPOTRLBvLp5VKzFjvvkStr5/iLxS0ST5Xv8cKs7PSyzOP30pZ6MLt\nKtiLn2eA8g1HtY9ITqfMstJ//f/bSCZsEsS0bUQJ+KDjTPIoxkjtrDQGanECAwEA\nAQKCAgA0iUcQLjPD4sL/lRyDo2QLB2Q6XCAkfd/muSV+U6tw1XIp+yn4biyHgKeo\n/9AJGx2p2V/nchGLeH6gQa9c1u0PziREVr7XXG0gLhoYt5gDSc0d2cBaBz+jazN9\nEb0KbndLw2OlKYpHyTOKwmIxVIhdFxOsTfhAjkV6mHxXwGa/Udfw41DZn/oDf9hO\nqpK4RvpBNfMKPOoiEnzoo9PGeIWz80kGosVek77CL0zjM0h4+2j+uGt3c+n3pOCJ\nk8C1TVwextbXUXthYiocLykCYaOxM/rXgVCkoDG3WAlzG7TM/3+pDDVY2FcxMaSN\nF7nguQ96ECec1mFLic+Z1KJSo+vHyAkOzeje/hSNj8kwNjXIMCLVHYk+p0LVl/u5\nghtoLYtRhUFYj921aa+TuMG8V4Xq35ISKakgl2iM8RFlZLZD/6GiupSv1jAkE4Et\nanYnJys7uu7TziqtL2Yu1D5Y++mZWUMI0WtWASrMgfh+I18SUhX7HyEUTW/gXMsr\nXqx26Zjh6v/dScOgTpGIyDkGF4j11O9Pa2Nq0r7syAAQ894Bta2yFUPGcq18Yn74\n5MS/Q3ap3kjmS5NuB6lmhFPyPc0KGhrzmgZkxLYXMqHgf8mxkEnjVYcB6xjxxHOH\n04KYg7liKu6rC2VilxqBSmw8p5xPBEkClrj6fKhR/SNENBRbgQKCAQEAyORDWJaf\nEk6IgEtDfm7wo6RPP+ZlmBssilT/7Chr300CC5eYyFRvjIk+wkvqMs7Ee3KkqRDu\nhF+BGrzvv83tyYaaaj/hHO29p9CIUL+i/zoMUbcKf78IKzpSCWtWrQltOjJyLnp/\nymzkLnlNEmWIBSvsdPiFiSDUsqU4sl9JZTByt6fhrExBGr3jwwwTFmK40Pa8F9Bc\n8jRtGlAwudtW8diyZOAQRU/g7aDVa+he76XQ1PsFDOf9xBcq01uU5hRTMBK22W9A\nr0MSZg36qfjvCsZJsFFgMMz+U4evM2XhTw2beU5O94uLeGh22GGqne0lXMjerZsw\n5BYfGbxKqxUdvQKCAQEA4K5FXJtgVBYwF+d/szNk4336yGel6JUmD+f9d1R+JGJ4\nXsqtjMTJ1ry+aDpzGiZhNbKrOAfKuLmstC+QO8PRPmLkv9jzFYEepbX8a74QQoE0\nangiGI2IGg+q54m56vd1BGW/mMZkqgU6+ZoqTmsT+nQ2szGAJpJfl7CIPTaPZsAq\nz32HbDjMdfJxU+WVFrMhkC1vwVomv9WUo/XJ1qtIkUHWsw7pWitLHOBIQEYdZ4Kl\nxyVQW184XB22ZVUqHpk2hC9JwWG/cgosrFodmUrIDiKfms+Alfu1JK8pzG0nwOLX\nnx5Z3Xdbm4SJS8QMOwG22nWNvGKgiwwQTW7R+DUoxQKCAQB5rklcj18qp4bmrq/j\nFS+M7ylReyxuRYdlArdBQ/qS9wIWI2zXas1mQntRFMp2m+dHHtm9zhOq+m4o0+gk\nNYeiWXWOhcLE0vvdeeIXhvwju/VaSZSCbCN2i4zFR87oYJ1YctXWcTyWT/6mZ7LX\nQchx2XkQILhBpzEuRAVjhXPfZskVlQqMYmPM3tfmfJnTJVjsuYaUphCmZDrxhUD+\nUm0HcEod79nrIccMKC8dfVKDtdwYJTOZ7as36xB1lTNLaWQ56hv29/wmLGoohq8d\n5TplPFXGBoRNCt3Bmp30c/FVANj7UQNjzZJdDGlwBzhhEBNhcAnw/d9PSFbuL67K\nka/BAoIBAQCMOzj/e9q7oL2TreF+L22gr1h/DHH4oF6JPvpsKEgy3WLThxya55gy\ndstAsnp0r8+sfD9xUSut7/Vi4Ozc4HMQxRiQxQ+zNEu0kcliVdZAK/RTH3foay2v\nVmgM62EmzhwzCm5zJCBgHbOZZidRmnN1tmMNpK+fY2xWeNAPpKYMM5SEvIxxd2Hl\nm9Qv0PMkn9kq67D8tQ/KW7vSOe4oFe/M+ZLPX1c1+B+BflqaAykHGfvuN9PXs66x\nj7nvtR/8yRPFnN4j3KZovwDy8avXqV0DtYh4T1qqQdfldY5ZESfms65wmbjtCTob\n7rTinRIlIgTGhOhZ1BTvtC/YpHpYuJUhAoIBADY35PXFkgpMNChicymCc0Ow4zBy\nZg3Q1HaHy/EqfE44kePVe4z1T678jvbJSG9K/GDVq0Foiq1I+hgHY+/JSm5t0Qe7\nUl44CSawyRk5CxIZoVa/YcRpMDhskEU+DasryPlg0zMcfuspUVamvC0gwlmUN7GT\npWRBUZzfTBm9TXP7HV7gA9SBsxmeikpU5WqzLHiWDylLdub1Ijw14okYNYQixMWD\ncIJBNlRqTW24AyaP+P2w2XHd6nNC/Xjdfj7dKS2a8srKKR8If/hhevVxv6A3955f\nQm5/O2O5NkPB6VHhzLfqa7tD+QXLa+rCJu9wI3OumGKwSd7YTNC4KkXOPr8=\n-----END RSA PRIVATE KEY-----\n",
            "private_key_pem_pkcs8": "-----BEGIN PRIVATE KEY-----\nMIIJQgIBADANBgkqhkiG9w0BAQEFAASCCSwwggkoAgEAAoICAQCwUHyBfB5w7l3J\n/aQ+gRjVrO3hK97eGW/2QqajuabqTW/k6D7DLKMM3NsbDQSgZTAz5onRCrXSMkM8\nGPSMnXE/mKWGfUMzOMvVJf6fA0K9AjUqxjC2KahBKiU788HdH2Fab/+xTotKnJ9A\nk2oTzf8uqXzzVOdVxLhG3m0Sut4fJ9fDh6BQWFo89O7ixxIuRauT+ztBwY1A35SL\nSKGkgBtuV20YYXs+8Ixmiten6D3Tyys8iA02bAo4MqgzBog/HAUxb1iYYz9G992U\nT1qHAkgw+Ovo4IoX7CgpPScOBBbEYejUbDXDJGRisshLdhNoY6JIW+R7uetCiBBo\ngtVpRYLwaHS7+miY0YRw6rf0KaMm76EMDl256qHPBXAVYGf4FILk3wrinLSdAtqQ\nGbYmQfmwMvDlsJUiik0mLHNZXSatmBWTQDfMeVQKz239Y+sbJx/dtYF8DQFOpWYS\nQz9HrsuSQyleaJsT0AMiJ9O0JshLQooujOY2ieUYj0jAVK7GheF0XOeklM8EXW3V\nRRzX5s6A5LjWGIw8Cq5x1zE52xQRWZC6AQrrp4DSr++y2pw85NEsG8unlUrMWO++\nRK2vn+IvFLRJPle/xwqzs9LLM4/fSlnowu0q2IufZ4DyDUe1j0hOp8yy0n/9/9tI\nJmwSxLRtRAn4oONM8ijGSO2sNAZqcQIDAQABAoICADSJRxAuM8Piwv+VHIOjZAsH\nZDpcICR93+a5JX5Tq3DVcin7KfhuLIeAp6j/0AkbHanZX+dyEYt4fqBBr1zW7Q/O\nJERWvtdcbSAuGhi3mANJzR3ZwFoHP6NrM30RvQpud0vDY6UpikfJM4rCYjFUiF0X\nE6xN+ECORXqYfFfAZr9R1/DjUNmf+gN/2E6qkrhG+kE18wo86iISfOij08Z4hbPz\nSQaixV6TvsIvTOMzSHj7aP64a3dz6fek4ImTwLVNXB7G1tdRe2FiKhwvKQJho7Ez\n+teBUKSgMbdYCXMbtMz/f6kMNVjYVzExpI0XueC5D3oQJ5zWYUuJz5nUolKj68fI\nCQ7N6N7+FI2PyTA2NcgwItUdiT6nQtWX+7mCG2gti1GFQViP3bVpr5O4wbxXherf\nkhIpqSCXaIzxEWVktkP/oaK6lK/WMCQTgS1qdicnKzu67tPOKq0vZi7UPlj76ZlZ\nQwjRa1YBKsyB+H4jXxJSFfsfIRRNb+BcyyterHbpmOHq/91Jw6BOkYjIOQYXiPXU\n709rY2rSvuzIABDz3gG1rbIVQ8ZyrXxifvjkxL9DdqneSOZLk24HqWaEU/I9zQoa\nGvOaBmTEthcyoeB/ybGQSeNVhwHrGPHEc4fTgpiDuWIq7qsLZWKXGoFKbDynnE8E\nSQKWuPp8qFH9I0Q0FFuBAoIBAQDI5ENYlp8SToiAS0N+bvCjpE8/5mWYGyyKVP/s\nKGvfTQILl5jIVG+MiT7CS+oyzsR7cqSpEO6EX4EavO+/ze3JhppqP+Ec7b2n0IhQ\nv6L/OgxRtwp/vwgrOlIJa1atCW06MnIuen/KbOQueU0SZYgFK+x0+IWJINSypTiy\nX0llMHK3p+GsTEEavePDDBMWYrjQ9rwX0FzyNG0aUDC521bx2LJk4BBFT+DtoNVr\n6F7vpdDU+wUM5/3EFyrTW5TmFFMwErbZb0CvQxJmDfqp+O8KxkmwUWAwzP5Th68z\nZeFPDZt5Tk73i4t4aHbYYaqd7SVcyN6tmzDkFh8ZvEqrFR29AoIBAQDgrkVcm2BU\nFjAX53+zM2TjffrIZ6XolSYP5/13VH4kYnheyq2MxMnWvL5oOnMaJmE1sqs4B8q4\nuay0L5A7w9E+YuS/2PMVgR6ltfxrvhBCgTRqeCIYjYgaD6rnibnq93UEZb+YxmSq\nBTr5mipOaxP6dDazMYAmkl+XsIg9No9mwCrPfYdsOMx18nFT5ZUWsyGQLW/BWia/\n1ZSj9cnWq0iRQdazDulaK0sc4EhARh1ngqXHJVBbXzhcHbZlVSoemTaEL0nBYb9y\nCiysWh2ZSsgOIp+az4CV+7UkrynMbSfA4tefHlndd1ubhIlLxAw7AbbadY28YqCL\nDBBNbtH4NSjFAoIBAHmuSVyPXyqnhuaur+MVL4zvKVF7LG5Fh2UCt0FD+pL3AhYj\nbNdqzWZCe1EUynab50ce2b3OE6r6bijT6CQ1h6JZdY6FwsTS+9154heG/CO79VpJ\nlIJsI3aLjMVHzuhgnVhy1dZxPJZP/qZnstdByHHZeRAguEGnMS5EBWOFc99myRWV\nCoxiY8ze1+Z8mdMlWOy5hpSmEKZkOvGFQP5SbQdwSh3v2eshxwwoLx19UoO13Bgl\nM5ntqzfrEHWVM0tpZDnqG/b3/CYsaiiGrx3lOmU8VcYGhE0K3cGanfRz8VUA2PtR\nA2PNkl0MaXAHOGEQE2FwCfD9309IVu4vrsqRr8ECggEBAIw7OP972rugvZOt4X4v\nbaCvWH8McfigXok++mwoSDLdYtOHHJrnmDJ2y0CyenSvz6x8P3FRK63v9WLg7Nzg\ncxDFGJDFD7M0S7SRyWJV1kAr9FMfd+hrLa9WaAzrYSbOHDMKbnMkIGAds5lmJ1Ga\nc3W2Yw2kr59jbFZ40A+kpgwzlIS8jHF3YeWb1C/Q8ySf2SrrsPy1D8pbu9I57igV\n78z5ks9fVzX4H4F+WpoDKQcZ++4309ezrrGPue+1H/zJE8Wc3iPcpmi/APLxq9ep\nXQO1iHhPWqpB1+V1jlkRJ+azrnCZuO0JOhvutOKdEiUiBMaE6FnUFO+0L9ikeli4\nlSECggEANjfk9cWSCkw0KGJzKYJzQ7DjMHJmDdDUdofL8Sp8TjiR49V7jPVPrvyO\n9slIb0r8YNWrQWiKrUj6GAdj78lKbm3RB7tSXjgJJrDJGTkLEhmhVr9hxGkwOGyQ\nRT4NqyvI+WDTMxx+6ylRVqa8LSDCWZQ3sZOlZEFRnN9MGb1Nc/sdXuAD1IGzGZ6K\nSlTlarMseJYPKUt25vUiPDXiiRg1hCLExYNwgkE2VGpNbbgDJo/4/bDZcd3qc0L9\neN1+Pt0pLZryysopHwh/+GF69XG/oDf3nl9Cbn87Y7k2Q8HpUeHMt+pru0P5Bctr\n6sIm73Ajc66YYrBJ3thM0LgqRc4+vw==\n-----END PRIVATE KEY-----\n",
            "public_key_fingerprint_md5": "87:a2:c2:1a:dd:1e:23:dd:5d:0a:88:bb:eb:cf:77:0d",
            "public_key_fingerprint_sha256": "SHA256:mrHr7GyPa1lQW/gmicXJHUrtPOyNpYgABZ8aavrTmis",
            "public_key_openssh": "ssh-rsa AAAAB3NzaC1yc2EAAAADAQABAAACAQCwUHyBfB5w7l3J/aQ+gRjVrO3hK97eGW/2QqajuabqTW/k6D7DLKMM3NsbDQSgZTAz5onRCrXSMkM8GPSMnXE/mKWGfUMzOMvVJf6fA0K9AjUqxjC2KahBKiU788HdH2Fab/+xTotKnJ9Ak2oTzf8uqXzzVOdVxLhG3m0Sut4fJ9fDh6BQWFo89O7ixxIuRauT+ztBwY1A35SLSKGkgBtuV20YYXs+8Ixmiten6D3Tyys8iA02bAo4MqgzBog/HAUxb1iYYz9G992UT1qHAkgw+Ovo4IoX7CgpPScOBBbEYejUbDXDJGRisshLdhNoY6JIW+R7uetCiBBogtVpRYLwaHS7+miY0YRw6rf0KaMm76EMDl256qHPBXAVYGf4FILk3wrinLSdAtqQGbYmQfmwMvDlsJUiik0mLHNZXSatmBWTQDfMeVQKz239Y+sbJx/dtYF8DQFOpWYSQz9HrsuSQyleaJsT0AMiJ9O0JshLQooujOY2ieUYj0jAVK7GheF0XOeklM8EXW3VRRzX5s6A5LjWGIw8Cq5x1zE52xQRWZC6AQrrp4DSr++y2pw85NEsG8unlUrMWO++RK2vn+IvFLRJPle/xwqzs9LLM4/fSlnowu0q2IufZ4DyDUe1j0hOp8yy0n/9/9tIJmwSxLRtRAn4oONM8ijGSO2sNAZqcQ==\n",
            "public_key_pem": "-----BEGIN PUBLIC KEY-----\nMIICIjANBgkqhkiG9w0BAQEFAAOCAg8AMIICCgKCAgEAsFB8gXwecO5dyf2kPoEY\n1azt4Sve3hlv9kKmo7mm6k1v5Og+wyyjDNzbGw0EoGUwM+aJ0Qq10jJDPBj0jJ1x\nP5ilhn1DMzjL1SX+nwNCvQI1KsYwtimoQSolO/PB3R9hWm//sU6LSpyfQJNqE83/\nLql881TnVcS4Rt5tErreHyfXw4egUFhaPPTu4scSLkWrk/s7QcGNQN+Ui0ihpIAb\nbldtGGF7PvCMZorXp+g908srPIgNNmwKODKoMwaIPxwFMW9YmGM/RvfdlE9ahwJI\nMPjr6OCKF+woKT0nDgQWxGHo1Gw1wyRkYrLIS3YTaGOiSFvke7nrQogQaILVaUWC\n8Gh0u/pomNGEcOq39CmjJu+hDA5dueqhzwVwFWBn+BSC5N8K4py0nQLakBm2JkH5\nsDLw5bCVIopNJixzWV0mrZgVk0A3zHlUCs9t/WPrGycf3bWBfA0BTqVmEkM/R67L\nkkMpXmibE9ADIifTtCbIS0KKLozmNonlGI9IwFSuxoXhdFznpJTPBF1t1UUc1+bO\ngOS41hiMPAqucdcxOdsUEVmQugEK66eA0q/vstqcPOTRLBvLp5VKzFjvvkStr5/i\nLxS0ST5Xv8cKs7PSyzOP30pZ6MLtKtiLn2eA8g1HtY9ITqfMstJ//f/bSCZsEsS0\nbUQJ+KDjTPIoxkjtrDQGanECAwEAAQ==\n-----END PUBLIC KEY-----\n",
            "rsa_bits": 4096
          },
          "sensitive_attributes": [],
          "dependencies": [
            "module.vpc.aws_cloudwatch_log_group.flow_log",
            "module.vpc.aws_customer_gateway.this",
            "module.vpc.aws_db_subnet_group.database",
            "module.vpc.aws_default_network_acl.this",
            "module.vpc.aws_default_route_table.default",
            "module.vpc.aws_default_security_group.this",
            "module.vpc.aws_default_vpc.this",
            "module.vpc.aws_egress_only_internet_gateway.this",
            "module.vpc.aws_eip.nat",
            "module.vpc.aws_elasticache_subnet_group.elasticache",
            "module.vpc.aws_flow_log.this",
            "module.vpc.aws_iam_policy.vpc_flow_log_cloudwatch",
            "module.vpc.aws_iam_role.vpc_flow_log_cloudwatch",
            "module.vpc.aws_iam_role_policy_attachment.vpc_flow_log_cloudwatch",
            "module.vpc.aws_internet_gateway.this",
            "module.vpc.aws_nat_gateway.this",
            "module.vpc.aws_network_acl.database",
            "module.vpc.aws_network_acl.elasticache",
            "module.vpc.aws_network_acl.intra",
            "module.vpc.aws_network_acl.outpost",
            "module.vpc.aws_network_acl.private",
            "module.vpc.aws_network_acl.public",
            "module.vpc.aws_network_acl.redshift",
            "module.vpc.aws_network_acl_rule.database_inbound",
            "module.vpc.aws_network_acl_rule.database_outbound",
            "module.vpc.aws_network_acl_rule.elasticache_inbound",
            "module.vpc.aws_network_acl_rule.elasticache_outbound",
            "module.vpc.aws_network_acl_rule.intra_inbound",
            "module.vpc.aws_network_acl_rule.intra_outbound",
            "module.vpc.aws_network_acl_rule.outpost_inbound",
            "module.vpc.aws_network_acl_rule.outpost_outbound",
            "module.vpc.aws_network_acl_rule.private_inbound",
            "module.vpc.aws_network_acl_rule.private_outbound",
            "module.vpc.aws_network_acl_rule.public_inbound",
            "module.vpc.aws_network_acl_rule.public_outbound",
            "module.vpc.aws_network_acl_rule.redshift_inbound",
            "module.vpc.aws_network_acl_rule.redshift_outbound",
            "module.vpc.aws_redshift_subnet_group.redshift",
            "module.vpc.aws_route.database_internet_gateway",
            "module.vpc.aws_route.database_ipv6_egress",
            "module.vpc.aws_route.database_nat_gateway",
            "module.vpc.aws_route.private_ipv6_egress",
            "module.vpc.aws_route.private_nat_gateway",
            "module.vpc.aws_route.public_internet_gateway",
            "module.vpc.aws_route.public_internet_gateway_ipv6",
            "module.vpc.aws_route_table.database",
            "module.vpc.aws_route_table.elasticache",
            "module.vpc.aws_route_table.intra",
            "module.vpc.aws_route_table.private",
            "module.vpc.aws_route_table.public",
            "module.vpc.aws_route_table.redshift",
            "module.vpc.aws_route_table_association.database",
            "module.vpc.aws_route_table_association.elasticache",
            "module.vpc.aws_route_table_association.intra",
            "module.vpc.aws_route_table_association.outpost",
            "module.vpc.aws_route_table_association.private",
            "module.vpc.aws_route_table_association.public",
            "module.vpc.aws_route_table_association.redshift",
            "module.vpc.aws_route_table_association.redshift_public",
            "module.vpc.aws_subnet.database",
            "module.vpc.aws_subnet.elasticache",
            "module.vpc.aws_subnet.intra",
            "module.vpc.aws_subnet.outpost",
            "module.vpc.aws_subnet.private",
            "module.vpc.aws_subnet.public",
            "module.vpc.aws_subnet.redshift",
            "module.vpc.aws_vpc.this",
            "module.vpc.aws_vpc_dhcp_options.this",
            "module.vpc.aws_vpc_dhcp_options_association.this",
            "module.vpc.aws_vpc_ipv4_cidr_block_association.this",
            "module.vpc.aws_vpn_gateway.this",
            "module.vpc.aws_vpn_gateway_attachment.this",
            "module.vpc.aws_vpn_gateway_route_propagation.intra",
            "module.vpc.aws_vpn_gateway_route_propagation.private",
            "module.vpc.aws_vpn_gateway_route_propagation.public",
            "module.vpc.data.aws_iam_policy_document.flow_log_cloudwatch_assume_role",
            "module.vpc.data.aws_iam_policy_document.vpc_flow_log_cloudwatch"
          ]
        }
      ]
    },
    {
      "module": "module.vpc",
      "mode": "managed",
      "type": "aws_eip",
      "name": "nat",
      "provider": "provider[\"registry.terraform.io/hashicorp/aws\"]",
      "instances": [
        {
          "index_key": 0,
          "schema_version": 0,
          "attributes": {
            "address": null,
            "allocation_id": "eipalloc-0ab41b65dc5973dc0",
            "associate_with_private_ip": null,
            "association_id": "",
            "carrier_ip": "",
            "customer_owned_ip": "",
            "customer_owned_ipv4_pool": "",
            "domain": "vpc",
            "id": "eipalloc-0ab41b65dc5973dc0",
            "instance": "",
            "network_border_group": "us-east-1",
            "network_interface": "",
            "private_dns": null,
            "private_ip": "",
            "public_dns": "ec2-44-198-239-58.compute-1.amazonaws.com",
            "public_ip": "44.198.239.58",
            "public_ipv4_pool": "amazon",
            "tags": {
              "Name": "VPC-us-east-1a"
            },
            "tags_all": {
              "Name": "VPC-us-east-1a"
            },
            "timeouts": null,
            "vpc": true
          },
          "sensitive_attributes": [],
          "private": "eyJlMmJmYjczMC1lY2FhLTExZTYtOGY4OC0zNDM2M2JjN2M0YzAiOnsiZGVsZXRlIjoxODAwMDAwMDAwMDAsInJlYWQiOjkwMDAwMDAwMDAwMCwidXBkYXRlIjozMDAwMDAwMDAwMDB9fQ=="
        }
      ]
    },
    {
      "module": "module.vpc",
      "mode": "managed",
      "type": "aws_internet_gateway",
      "name": "this",
      "provider": "provider[\"registry.terraform.io/hashicorp/aws\"]",
      "instances": [
        {
          "index_key": 0,
          "schema_version": 0,
          "attributes": {
            "arn": "arn:aws:ec2:us-east-1:566879691663:internet-gateway/igw-017b03a47d9eb12d1",
            "id": "igw-017b03a47d9eb12d1",
            "owner_id": "566879691663",
            "tags": {
              "Name": "VPC"
            },
            "tags_all": {
              "Name": "VPC"
            },
            "timeouts": null,
            "vpc_id": "vpc-066b861fa61f744b4"
          },
          "sensitive_attributes": [],
          "private": "eyJlMmJmYjczMC1lY2FhLTExZTYtOGY4OC0zNDM2M2JjN2M0YzAiOnsiY3JlYXRlIjoxMjAwMDAwMDAwMDAwLCJkZWxldGUiOjEyMDAwMDAwMDAwMDAsInVwZGF0ZSI6MTIwMDAwMDAwMDAwMH19",
          "dependencies": [
            "module.vpc.aws_vpc.this",
            "module.vpc.aws_vpc_ipv4_cidr_block_association.this"
          ]
        }
      ]
    },
    {
      "module": "module.vpc",
      "mode": "managed",
      "type": "aws_nat_gateway",
      "name": "this",
      "provider": "provider[\"registry.terraform.io/hashicorp/aws\"]",
      "instances": [
        {
          "index_key": 0,
          "schema_version": 0,
          "attributes": {
            "allocation_id": "eipalloc-0ab41b65dc5973dc0",
            "connectivity_type": "public",
            "id": "nat-046b22e99e96f8621",
            "network_interface_id": "eni-004ab1308cb413a43",
            "private_ip": "172.23.7.65",
            "public_ip": "44.198.239.58",
            "subnet_id": "subnet-0905ccdd852d12acf",
            "tags": {
              "Name": "caldera-test_natgateway"
            },
            "tags_all": {
              "Name": "caldera-test_natgateway"
            }
          },
          "sensitive_attributes": [],
          "private": "bnVsbA==",
          "dependencies": [
            "module.vpc.aws_eip.nat",
            "module.vpc.aws_internet_gateway.this",
            "module.vpc.aws_subnet.public",
            "module.vpc.aws_vpc.this",
            "module.vpc.aws_vpc_ipv4_cidr_block_association.this"
          ]
        }
      ]
    },
    {
      "module": "module.vpc",
      "mode": "managed",
      "type": "aws_route",
      "name": "private_nat_gateway",
      "provider": "provider[\"registry.terraform.io/hashicorp/aws\"]",
      "instances": [
        {
          "index_key": 0,
          "schema_version": 0,
          "attributes": {
            "carrier_gateway_id": "",
            "core_network_arn": "",
            "destination_cidr_block": "0.0.0.0/0",
            "destination_ipv6_cidr_block": "",
            "destination_prefix_list_id": "",
            "egress_only_gateway_id": "",
            "gateway_id": "",
            "id": "r-rtb-039a5ed1b5ef8699f1080289494",
            "instance_id": "",
            "instance_owner_id": "",
            "local_gateway_id": "",
            "nat_gateway_id": "nat-046b22e99e96f8621",
            "network_interface_id": "",
            "origin": "CreateRoute",
            "route_table_id": "rtb-039a5ed1b5ef8699f",
            "state": "active",
            "timeouts": {
              "create": "5m",
              "delete": null,
              "update": null
            },
            "transit_gateway_id": "",
            "vpc_endpoint_id": "",
            "vpc_peering_connection_id": ""
          },
          "sensitive_attributes": [],
          "private": "eyJlMmJmYjczMC1lY2FhLTExZTYtOGY4OC0zNDM2M2JjN2M0YzAiOnsiY3JlYXRlIjozMDAwMDAwMDAwMDAsImRlbGV0ZSI6MzAwMDAwMDAwMDAwLCJ1cGRhdGUiOjEyMDAwMDAwMDAwMH19",
          "dependencies": [
            "module.vpc.aws_eip.nat",
            "module.vpc.aws_internet_gateway.this",
            "module.vpc.aws_nat_gateway.this",
            "module.vpc.aws_route_table.private",
            "module.vpc.aws_subnet.public",
            "module.vpc.aws_vpc.this",
            "module.vpc.aws_vpc_ipv4_cidr_block_association.this"
          ]
        }
      ]
    },
    {
      "module": "module.vpc",
      "mode": "managed",
      "type": "aws_route",
      "name": "public_internet_gateway",
      "provider": "provider[\"registry.terraform.io/hashicorp/aws\"]",
      "instances": [
        {
          "index_key": 0,
          "schema_version": 0,
          "attributes": {
            "carrier_gateway_id": "",
            "core_network_arn": "",
            "destination_cidr_block": "0.0.0.0/0",
            "destination_ipv6_cidr_block": "",
            "destination_prefix_list_id": "",
            "egress_only_gateway_id": "",
            "gateway_id": "igw-017b03a47d9eb12d1",
            "id": "r-rtb-0c6d5b1b68b39c3d71080289494",
            "instance_id": "",
            "instance_owner_id": "",
            "local_gateway_id": "",
            "nat_gateway_id": "",
            "network_interface_id": "",
            "origin": "CreateRoute",
            "route_table_id": "rtb-0c6d5b1b68b39c3d7",
            "state": "active",
            "timeouts": {
              "create": "5m",
              "delete": null,
              "update": null
            },
            "transit_gateway_id": "",
            "vpc_endpoint_id": "",
            "vpc_peering_connection_id": ""
          },
          "sensitive_attributes": [],
          "private": "eyJlMmJmYjczMC1lY2FhLTExZTYtOGY4OC0zNDM2M2JjN2M0YzAiOnsiY3JlYXRlIjozMDAwMDAwMDAwMDAsImRlbGV0ZSI6MzAwMDAwMDAwMDAwLCJ1cGRhdGUiOjEyMDAwMDAwMDAwMH19",
          "dependencies": [
            "module.vpc.aws_internet_gateway.this",
            "module.vpc.aws_route_table.public",
            "module.vpc.aws_vpc.this",
            "module.vpc.aws_vpc_ipv4_cidr_block_association.this"
          ]
        }
      ]
    },
    {
      "module": "module.vpc",
      "mode": "managed",
      "type": "aws_route_table",
      "name": "private",
      "provider": "provider[\"registry.terraform.io/hashicorp/aws\"]",
      "instances": [
        {
          "index_key": 0,
          "schema_version": 0,
          "attributes": {
            "arn": "arn:aws:ec2:us-east-1:566879691663:route-table/rtb-039a5ed1b5ef8699f",
            "id": "rtb-039a5ed1b5ef8699f",
            "owner_id": "566879691663",
            "propagating_vgws": [],
            "route": [],
            "tags": {
              "Name": "VPC-private"
            },
            "tags_all": {
              "Name": "VPC-private"
            },
            "timeouts": null,
            "vpc_id": "vpc-066b861fa61f744b4"
          },
          "sensitive_attributes": [],
          "private": "eyJlMmJmYjczMC1lY2FhLTExZTYtOGY4OC0zNDM2M2JjN2M0YzAiOnsiY3JlYXRlIjozMDAwMDAwMDAwMDAsImRlbGV0ZSI6MzAwMDAwMDAwMDAwLCJ1cGRhdGUiOjEyMDAwMDAwMDAwMH19",
          "dependencies": [
            "module.vpc.aws_vpc.this",
            "module.vpc.aws_vpc_ipv4_cidr_block_association.this"
          ]
        }
      ]
    },
    {
      "module": "module.vpc",
      "mode": "managed",
      "type": "aws_route_table",
      "name": "public",
      "provider": "provider[\"registry.terraform.io/hashicorp/aws\"]",
      "instances": [
        {
          "index_key": 0,
          "schema_version": 0,
          "attributes": {
            "arn": "arn:aws:ec2:us-east-1:566879691663:route-table/rtb-0c6d5b1b68b39c3d7",
            "id": "rtb-0c6d5b1b68b39c3d7",
            "owner_id": "566879691663",
            "propagating_vgws": [],
            "route": [],
            "tags": {
              "Name": "VPC-public"
            },
            "tags_all": {
              "Name": "VPC-public"
            },
            "timeouts": null,
            "vpc_id": "vpc-066b861fa61f744b4"
          },
          "sensitive_attributes": [],
          "private": "eyJlMmJmYjczMC1lY2FhLTExZTYtOGY4OC0zNDM2M2JjN2M0YzAiOnsiY3JlYXRlIjozMDAwMDAwMDAwMDAsImRlbGV0ZSI6MzAwMDAwMDAwMDAwLCJ1cGRhdGUiOjEyMDAwMDAwMDAwMH19",
          "dependencies": [
            "module.vpc.aws_vpc.this",
            "module.vpc.aws_vpc_ipv4_cidr_block_association.this"
          ]
        }
      ]
    },
    {
      "module": "module.vpc",
      "mode": "managed",
      "type": "aws_route_table_association",
      "name": "private",
      "provider": "provider[\"registry.terraform.io/hashicorp/aws\"]",
      "instances": [
        {
          "index_key": 0,
          "schema_version": 0,
          "attributes": {
            "gateway_id": "",
            "id": "rtbassoc-0abd91627a54e51a0",
            "route_table_id": "rtb-039a5ed1b5ef8699f",
            "subnet_id": "subnet-02cffad4e107d4384"
          },
          "sensitive_attributes": [],
          "private": "bnVsbA==",
          "dependencies": [
            "module.vpc.aws_route_table.private",
            "module.vpc.aws_subnet.private",
            "module.vpc.aws_vpc.this",
            "module.vpc.aws_vpc_ipv4_cidr_block_association.this"
          ]
        },
        {
          "index_key": 1,
          "schema_version": 0,
          "attributes": {
            "gateway_id": "",
            "id": "rtbassoc-0296cfa7e5f82180a",
            "route_table_id": "rtb-039a5ed1b5ef8699f",
            "subnet_id": "subnet-0d8ec464dc108bb26"
          },
          "sensitive_attributes": [],
          "private": "bnVsbA==",
          "dependencies": [
            "module.vpc.aws_route_table.private",
            "module.vpc.aws_subnet.private",
            "module.vpc.aws_vpc.this",
            "module.vpc.aws_vpc_ipv4_cidr_block_association.this"
          ]
        },
        {
          "index_key": 2,
          "schema_version": 0,
          "attributes": {
            "gateway_id": "",
            "id": "rtbassoc-0db524a4a56a23bc2",
            "route_table_id": "rtb-039a5ed1b5ef8699f",
            "subnet_id": "subnet-08a7c565085e39b01"
          },
          "sensitive_attributes": [],
          "private": "bnVsbA==",
          "dependencies": [
            "module.vpc.aws_route_table.private",
            "module.vpc.aws_subnet.private",
            "module.vpc.aws_vpc.this",
            "module.vpc.aws_vpc_ipv4_cidr_block_association.this"
          ]
        },
        {
          "index_key": 3,
          "schema_version": 0,
          "attributes": {
            "gateway_id": "",
            "id": "rtbassoc-0e5e8c488219fcc40",
            "route_table_id": "rtb-039a5ed1b5ef8699f",
            "subnet_id": "subnet-0bf10b009ae9f2f16"
          },
          "sensitive_attributes": [],
          "private": "bnVsbA==",
          "dependencies": [
            "module.vpc.aws_route_table.private",
            "module.vpc.aws_subnet.private",
            "module.vpc.aws_vpc.this",
            "module.vpc.aws_vpc_ipv4_cidr_block_association.this"
          ]
        },
        {
          "index_key": 4,
          "schema_version": 0,
          "attributes": {
            "gateway_id": "",
            "id": "rtbassoc-0cba5008939d10374",
            "route_table_id": "rtb-039a5ed1b5ef8699f",
            "subnet_id": "subnet-0b3f176ce556eda85"
          },
          "sensitive_attributes": [],
          "private": "bnVsbA==",
          "dependencies": [
            "module.vpc.aws_route_table.private",
            "module.vpc.aws_subnet.private",
            "module.vpc.aws_vpc.this",
            "module.vpc.aws_vpc_ipv4_cidr_block_association.this"
          ]
        }
      ]
    },
    {
      "module": "module.vpc",
      "mode": "managed",
      "type": "aws_route_table_association",
      "name": "public",
      "provider": "provider[\"registry.terraform.io/hashicorp/aws\"]",
      "instances": [
        {
          "index_key": 0,
          "schema_version": 0,
          "attributes": {
            "gateway_id": "",
            "id": "rtbassoc-0dcc09fc1dec1ed99",
            "route_table_id": "rtb-0c6d5b1b68b39c3d7",
            "subnet_id": "subnet-0905ccdd852d12acf"
          },
          "sensitive_attributes": [],
          "private": "bnVsbA==",
          "dependencies": [
            "module.vpc.aws_route_table.public",
            "module.vpc.aws_subnet.public",
            "module.vpc.aws_vpc.this",
            "module.vpc.aws_vpc_ipv4_cidr_block_association.this"
          ]
        },
        {
          "index_key": 1,
          "schema_version": 0,
          "attributes": {
            "gateway_id": "",
            "id": "rtbassoc-031b3456533db0c12",
            "route_table_id": "rtb-0c6d5b1b68b39c3d7",
            "subnet_id": "subnet-05a94962b4839c13d"
          },
          "sensitive_attributes": [],
          "private": "bnVsbA==",
          "dependencies": [
            "module.vpc.aws_route_table.public",
            "module.vpc.aws_subnet.public",
            "module.vpc.aws_vpc.this",
            "module.vpc.aws_vpc_ipv4_cidr_block_association.this"
          ]
        },
        {
          "index_key": 2,
          "schema_version": 0,
          "attributes": {
            "gateway_id": "",
            "id": "rtbassoc-0e12c4ebd38d526fb",
            "route_table_id": "rtb-0c6d5b1b68b39c3d7",
            "subnet_id": "subnet-0a6ae51d9a468fe80"
          },
          "sensitive_attributes": [],
          "private": "bnVsbA==",
          "dependencies": [
            "module.vpc.aws_route_table.public",
            "module.vpc.aws_subnet.public",
            "module.vpc.aws_vpc.this",
            "module.vpc.aws_vpc_ipv4_cidr_block_association.this"
          ]
        },
        {
          "index_key": 3,
          "schema_version": 0,
          "attributes": {
            "gateway_id": "",
            "id": "rtbassoc-007e4c8c7b15bfcf5",
            "route_table_id": "rtb-0c6d5b1b68b39c3d7",
            "subnet_id": "subnet-01ae2bc67e8f5ed8d"
          },
          "sensitive_attributes": [],
          "private": "bnVsbA==",
          "dependencies": [
            "module.vpc.aws_route_table.public",
            "module.vpc.aws_subnet.public",
            "module.vpc.aws_vpc.this",
            "module.vpc.aws_vpc_ipv4_cidr_block_association.this"
          ]
        },
        {
          "index_key": 4,
          "schema_version": 0,
          "attributes": {
            "gateway_id": "",
            "id": "rtbassoc-04d914f7ea0830a73",
            "route_table_id": "rtb-0c6d5b1b68b39c3d7",
            "subnet_id": "subnet-000c8d3994d9cd988"
          },
          "sensitive_attributes": [],
          "private": "bnVsbA==",
          "dependencies": [
            "module.vpc.aws_route_table.public",
            "module.vpc.aws_subnet.public",
            "module.vpc.aws_vpc.this",
            "module.vpc.aws_vpc_ipv4_cidr_block_association.this"
          ]
        }
      ]
    },
    {
      "module": "module.vpc",
      "mode": "managed",
      "type": "aws_subnet",
      "name": "private",
      "provider": "provider[\"registry.terraform.io/hashicorp/aws\"]",
      "instances": [
        {
          "index_key": 0,
          "schema_version": 1,
          "attributes": {
            "arn": "arn:aws:ec2:us-east-1:566879691663:subnet/subnet-02cffad4e107d4384",
            "assign_ipv6_address_on_creation": false,
            "availability_zone": "us-east-1a",
            "availability_zone_id": "use1-az2",
            "cidr_block": "172.23.0.0/22",
            "customer_owned_ipv4_pool": "",
            "enable_dns64": false,
            "enable_resource_name_dns_a_record_on_launch": false,
            "enable_resource_name_dns_aaaa_record_on_launch": false,
            "id": "subnet-02cffad4e107d4384",
            "ipv6_cidr_block": "",
            "ipv6_cidr_block_association_id": "",
            "ipv6_native": false,
            "map_customer_owned_ip_on_launch": false,
            "map_public_ip_on_launch": false,
            "outpost_arn": "",
            "owner_id": "566879691663",
            "private_dns_hostname_type_on_launch": "ip-name",
            "tags": {
              "Name": "caldera-test_private"
            },
            "tags_all": {
              "Name": "caldera-test_private"
            },
            "timeouts": null,
            "vpc_id": "vpc-066b861fa61f744b4"
          },
          "sensitive_attributes": [],
          "private": "eyJlMmJmYjczMC1lY2FhLTExZTYtOGY4OC0zNDM2M2JjN2M0YzAiOnsiY3JlYXRlIjo2MDAwMDAwMDAwMDAsImRlbGV0ZSI6MTIwMDAwMDAwMDAwMH0sInNjaGVtYV92ZXJzaW9uIjoiMSJ9",
          "dependencies": [
            "module.vpc.aws_vpc.this",
            "module.vpc.aws_vpc_ipv4_cidr_block_association.this"
          ]
        },
        {
          "index_key": 1,
          "schema_version": 1,
          "attributes": {
            "arn": "arn:aws:ec2:us-east-1:566879691663:subnet/subnet-0d8ec464dc108bb26",
            "assign_ipv6_address_on_creation": false,
            "availability_zone": "us-east-1b",
            "availability_zone_id": "use1-az4",
            "cidr_block": "172.23.32.0/22",
            "customer_owned_ipv4_pool": "",
            "enable_dns64": false,
            "enable_resource_name_dns_a_record_on_launch": false,
            "enable_resource_name_dns_aaaa_record_on_launch": false,
            "id": "subnet-0d8ec464dc108bb26",
            "ipv6_cidr_block": "",
            "ipv6_cidr_block_association_id": "",
            "ipv6_native": false,
            "map_customer_owned_ip_on_launch": false,
            "map_public_ip_on_launch": false,
            "outpost_arn": "",
            "owner_id": "566879691663",
            "private_dns_hostname_type_on_launch": "ip-name",
            "tags": {
              "Name": "caldera-test_private"
            },
            "tags_all": {
              "Name": "caldera-test_private"
            },
            "timeouts": null,
            "vpc_id": "vpc-066b861fa61f744b4"
          },
          "sensitive_attributes": [],
          "private": "eyJlMmJmYjczMC1lY2FhLTExZTYtOGY4OC0zNDM2M2JjN2M0YzAiOnsiY3JlYXRlIjo2MDAwMDAwMDAwMDAsImRlbGV0ZSI6MTIwMDAwMDAwMDAwMH0sInNjaGVtYV92ZXJzaW9uIjoiMSJ9",
          "dependencies": [
            "module.vpc.aws_vpc.this",
            "module.vpc.aws_vpc_ipv4_cidr_block_association.this"
          ]
        },
        {
          "index_key": 2,
          "schema_version": 1,
          "attributes": {
            "arn": "arn:aws:ec2:us-east-1:566879691663:subnet/subnet-08a7c565085e39b01",
            "assign_ipv6_address_on_creation": false,
            "availability_zone": "us-east-1c",
            "availability_zone_id": "use1-az6",
            "cidr_block": "172.23.64.0/22",
            "customer_owned_ipv4_pool": "",
            "enable_dns64": false,
            "enable_resource_name_dns_a_record_on_launch": false,
            "enable_resource_name_dns_aaaa_record_on_launch": false,
            "id": "subnet-08a7c565085e39b01",
            "ipv6_cidr_block": "",
            "ipv6_cidr_block_association_id": "",
            "ipv6_native": false,
            "map_customer_owned_ip_on_launch": false,
            "map_public_ip_on_launch": false,
            "outpost_arn": "",
            "owner_id": "566879691663",
            "private_dns_hostname_type_on_launch": "ip-name",
            "tags": {
              "Name": "caldera-test_private"
            },
            "tags_all": {
              "Name": "caldera-test_private"
            },
            "timeouts": null,
            "vpc_id": "vpc-066b861fa61f744b4"
          },
          "sensitive_attributes": [],
          "private": "eyJlMmJmYjczMC1lY2FhLTExZTYtOGY4OC0zNDM2M2JjN2M0YzAiOnsiY3JlYXRlIjo2MDAwMDAwMDAwMDAsImRlbGV0ZSI6MTIwMDAwMDAwMDAwMH0sInNjaGVtYV92ZXJzaW9uIjoiMSJ9",
          "dependencies": [
            "module.vpc.aws_vpc.this",
            "module.vpc.aws_vpc_ipv4_cidr_block_association.this"
          ]
        },
        {
          "index_key": 3,
          "schema_version": 1,
          "attributes": {
            "arn": "arn:aws:ec2:us-east-1:566879691663:subnet/subnet-0bf10b009ae9f2f16",
            "assign_ipv6_address_on_creation": false,
            "availability_zone": "us-east-1d",
            "availability_zone_id": "use1-az1",
            "cidr_block": "172.23.96.0/22",
            "customer_owned_ipv4_pool": "",
            "enable_dns64": false,
            "enable_resource_name_dns_a_record_on_launch": false,
            "enable_resource_name_dns_aaaa_record_on_launch": false,
            "id": "subnet-0bf10b009ae9f2f16",
            "ipv6_cidr_block": "",
            "ipv6_cidr_block_association_id": "",
            "ipv6_native": false,
            "map_customer_owned_ip_on_launch": false,
            "map_public_ip_on_launch": false,
            "outpost_arn": "",
            "owner_id": "566879691663",
            "private_dns_hostname_type_on_launch": "ip-name",
            "tags": {
              "Name": "caldera-test_private"
            },
            "tags_all": {
              "Name": "caldera-test_private"
            },
            "timeouts": null,
            "vpc_id": "vpc-066b861fa61f744b4"
          },
          "sensitive_attributes": [],
          "private": "eyJlMmJmYjczMC1lY2FhLTExZTYtOGY4OC0zNDM2M2JjN2M0YzAiOnsiY3JlYXRlIjo2MDAwMDAwMDAwMDAsImRlbGV0ZSI6MTIwMDAwMDAwMDAwMH0sInNjaGVtYV92ZXJzaW9uIjoiMSJ9",
          "dependencies": [
            "module.vpc.aws_vpc.this",
            "module.vpc.aws_vpc_ipv4_cidr_block_association.this"
          ]
        },
        {
          "index_key": 4,
          "schema_version": 1,
          "attributes": {
            "arn": "arn:aws:ec2:us-east-1:566879691663:subnet/subnet-0b3f176ce556eda85",
            "assign_ipv6_address_on_creation": false,
            "availability_zone": "us-east-1f",
            "availability_zone_id": "use1-az5",
            "cidr_block": "172.23.160.0/22",
            "customer_owned_ipv4_pool": "",
            "enable_dns64": false,
            "enable_resource_name_dns_a_record_on_launch": false,
            "enable_resource_name_dns_aaaa_record_on_launch": false,
            "id": "subnet-0b3f176ce556eda85",
            "ipv6_cidr_block": "",
            "ipv6_cidr_block_association_id": "",
            "ipv6_native": false,
            "map_customer_owned_ip_on_launch": false,
            "map_public_ip_on_launch": false,
            "outpost_arn": "",
            "owner_id": "566879691663",
            "private_dns_hostname_type_on_launch": "ip-name",
            "tags": {
              "Name": "caldera-test_private"
            },
            "tags_all": {
              "Name": "caldera-test_private"
            },
            "timeouts": null,
            "vpc_id": "vpc-066b861fa61f744b4"
          },
          "sensitive_attributes": [],
          "private": "eyJlMmJmYjczMC1lY2FhLTExZTYtOGY4OC0zNDM2M2JjN2M0YzAiOnsiY3JlYXRlIjo2MDAwMDAwMDAwMDAsImRlbGV0ZSI6MTIwMDAwMDAwMDAwMH0sInNjaGVtYV92ZXJzaW9uIjoiMSJ9",
          "dependencies": [
            "module.vpc.aws_vpc.this",
            "module.vpc.aws_vpc_ipv4_cidr_block_association.this"
          ]
        }
      ]
    },
    {
      "module": "module.vpc",
      "mode": "managed",
      "type": "aws_subnet",
      "name": "public",
      "provider": "provider[\"registry.terraform.io/hashicorp/aws\"]",
      "instances": [
        {
          "index_key": 0,
          "schema_version": 1,
          "attributes": {
            "arn": "arn:aws:ec2:us-east-1:566879691663:subnet/subnet-0905ccdd852d12acf",
            "assign_ipv6_address_on_creation": false,
            "availability_zone": "us-east-1a",
            "availability_zone_id": "use1-az2",
            "cidr_block": "172.23.4.0/22",
            "customer_owned_ipv4_pool": "",
            "enable_dns64": false,
            "enable_resource_name_dns_a_record_on_launch": false,
            "enable_resource_name_dns_aaaa_record_on_launch": false,
            "id": "subnet-0905ccdd852d12acf",
            "ipv6_cidr_block": "",
            "ipv6_cidr_block_association_id": "",
            "ipv6_native": false,
            "map_customer_owned_ip_on_launch": false,
            "map_public_ip_on_launch": true,
            "outpost_arn": "",
            "owner_id": "566879691663",
            "private_dns_hostname_type_on_launch": "ip-name",
            "tags": {
              "Name": "caldera-test_public"
            },
            "tags_all": {
              "Name": "caldera-test_public"
            },
            "timeouts": null,
            "vpc_id": "vpc-066b861fa61f744b4"
          },
          "sensitive_attributes": [],
          "private": "eyJlMmJmYjczMC1lY2FhLTExZTYtOGY4OC0zNDM2M2JjN2M0YzAiOnsiY3JlYXRlIjo2MDAwMDAwMDAwMDAsImRlbGV0ZSI6MTIwMDAwMDAwMDAwMH0sInNjaGVtYV92ZXJzaW9uIjoiMSJ9",
          "dependencies": [
            "module.vpc.aws_vpc.this",
            "module.vpc.aws_vpc_ipv4_cidr_block_association.this"
          ]
        },
        {
          "index_key": 1,
          "schema_version": 1,
          "attributes": {
            "arn": "arn:aws:ec2:us-east-1:566879691663:subnet/subnet-05a94962b4839c13d",
            "assign_ipv6_address_on_creation": false,
            "availability_zone": "us-east-1b",
            "availability_zone_id": "use1-az4",
            "cidr_block": "172.23.36.0/22",
            "customer_owned_ipv4_pool": "",
            "enable_dns64": false,
            "enable_resource_name_dns_a_record_on_launch": false,
            "enable_resource_name_dns_aaaa_record_on_launch": false,
            "id": "subnet-05a94962b4839c13d",
            "ipv6_cidr_block": "",
            "ipv6_cidr_block_association_id": "",
            "ipv6_native": false,
            "map_customer_owned_ip_on_launch": false,
            "map_public_ip_on_launch": true,
            "outpost_arn": "",
            "owner_id": "566879691663",
            "private_dns_hostname_type_on_launch": "ip-name",
            "tags": {
              "Name": "caldera-test_public"
            },
            "tags_all": {
              "Name": "caldera-test_public"
            },
            "timeouts": null,
            "vpc_id": "vpc-066b861fa61f744b4"
          },
          "sensitive_attributes": [],
          "private": "eyJlMmJmYjczMC1lY2FhLTExZTYtOGY4OC0zNDM2M2JjN2M0YzAiOnsiY3JlYXRlIjo2MDAwMDAwMDAwMDAsImRlbGV0ZSI6MTIwMDAwMDAwMDAwMH0sInNjaGVtYV92ZXJzaW9uIjoiMSJ9",
          "dependencies": [
            "module.vpc.aws_vpc.this",
            "module.vpc.aws_vpc_ipv4_cidr_block_association.this"
          ]
        },
        {
          "index_key": 2,
          "schema_version": 1,
          "attributes": {
            "arn": "arn:aws:ec2:us-east-1:566879691663:subnet/subnet-0a6ae51d9a468fe80",
            "assign_ipv6_address_on_creation": false,
            "availability_zone": "us-east-1c",
            "availability_zone_id": "use1-az6",
            "cidr_block": "172.23.68.0/22",
            "customer_owned_ipv4_pool": "",
            "enable_dns64": false,
            "enable_resource_name_dns_a_record_on_launch": false,
            "enable_resource_name_dns_aaaa_record_on_launch": false,
            "id": "subnet-0a6ae51d9a468fe80",
            "ipv6_cidr_block": "",
            "ipv6_cidr_block_association_id": "",
            "ipv6_native": false,
            "map_customer_owned_ip_on_launch": false,
            "map_public_ip_on_launch": true,
            "outpost_arn": "",
            "owner_id": "566879691663",
            "private_dns_hostname_type_on_launch": "ip-name",
            "tags": {
              "Name": "caldera-test_public"
            },
            "tags_all": {
              "Name": "caldera-test_public"
            },
            "timeouts": null,
            "vpc_id": "vpc-066b861fa61f744b4"
          },
          "sensitive_attributes": [],
          "private": "eyJlMmJmYjczMC1lY2FhLTExZTYtOGY4OC0zNDM2M2JjN2M0YzAiOnsiY3JlYXRlIjo2MDAwMDAwMDAwMDAsImRlbGV0ZSI6MTIwMDAwMDAwMDAwMH0sInNjaGVtYV92ZXJzaW9uIjoiMSJ9",
          "dependencies": [
            "module.vpc.aws_vpc.this",
            "module.vpc.aws_vpc_ipv4_cidr_block_association.this"
          ]
        },
        {
          "index_key": 3,
          "schema_version": 1,
          "attributes": {
            "arn": "arn:aws:ec2:us-east-1:566879691663:subnet/subnet-01ae2bc67e8f5ed8d",
            "assign_ipv6_address_on_creation": false,
            "availability_zone": "us-east-1d",
            "availability_zone_id": "use1-az1",
            "cidr_block": "172.23.100.0/22",
            "customer_owned_ipv4_pool": "",
            "enable_dns64": false,
            "enable_resource_name_dns_a_record_on_launch": false,
            "enable_resource_name_dns_aaaa_record_on_launch": false,
            "id": "subnet-01ae2bc67e8f5ed8d",
            "ipv6_cidr_block": "",
            "ipv6_cidr_block_association_id": "",
            "ipv6_native": false,
            "map_customer_owned_ip_on_launch": false,
            "map_public_ip_on_launch": true,
            "outpost_arn": "",
            "owner_id": "566879691663",
            "private_dns_hostname_type_on_launch": "ip-name",
            "tags": {
              "Name": "caldera-test_public"
            },
            "tags_all": {
              "Name": "caldera-test_public"
            },
            "timeouts": null,
            "vpc_id": "vpc-066b861fa61f744b4"
          },
          "sensitive_attributes": [],
          "private": "eyJlMmJmYjczMC1lY2FhLTExZTYtOGY4OC0zNDM2M2JjN2M0YzAiOnsiY3JlYXRlIjo2MDAwMDAwMDAwMDAsImRlbGV0ZSI6MTIwMDAwMDAwMDAwMH0sInNjaGVtYV92ZXJzaW9uIjoiMSJ9",
          "dependencies": [
            "module.vpc.aws_vpc.this",
            "module.vpc.aws_vpc_ipv4_cidr_block_association.this"
          ]
        },
        {
          "index_key": 4,
          "schema_version": 1,
          "attributes": {
            "arn": "arn:aws:ec2:us-east-1:566879691663:subnet/subnet-000c8d3994d9cd988",
            "assign_ipv6_address_on_creation": false,
            "availability_zone": "us-east-1f",
            "availability_zone_id": "use1-az5",
            "cidr_block": "172.23.164.0/22",
            "customer_owned_ipv4_pool": "",
            "enable_dns64": false,
            "enable_resource_name_dns_a_record_on_launch": false,
            "enable_resource_name_dns_aaaa_record_on_launch": false,
            "id": "subnet-000c8d3994d9cd988",
            "ipv6_cidr_block": "",
            "ipv6_cidr_block_association_id": "",
            "ipv6_native": false,
            "map_customer_owned_ip_on_launch": false,
            "map_public_ip_on_launch": true,
            "outpost_arn": "",
            "owner_id": "566879691663",
            "private_dns_hostname_type_on_launch": "ip-name",
            "tags": {
              "Name": "caldera-test_public"
            },
            "tags_all": {
              "Name": "caldera-test_public"
            },
            "timeouts": null,
            "vpc_id": "vpc-066b861fa61f744b4"
          },
          "sensitive_attributes": [],
          "private": "eyJlMmJmYjczMC1lY2FhLTExZTYtOGY4OC0zNDM2M2JjN2M0YzAiOnsiY3JlYXRlIjo2MDAwMDAwMDAwMDAsImRlbGV0ZSI6MTIwMDAwMDAwMDAwMH0sInNjaGVtYV92ZXJzaW9uIjoiMSJ9",
          "dependencies": [
            "module.vpc.aws_vpc.this",
            "module.vpc.aws_vpc_ipv4_cidr_block_association.this"
          ]
        }
      ]
    },
    {
      "module": "module.vpc",
      "mode": "managed",
      "type": "aws_vpc",
      "name": "this",
      "provider": "provider[\"registry.terraform.io/hashicorp/aws\"]",
      "instances": [
        {
          "index_key": 0,
          "schema_version": 1,
          "attributes": {
            "arn": "arn:aws:ec2:us-east-1:566879691663:vpc/vpc-066b861fa61f744b4",
            "assign_generated_ipv6_cidr_block": false,
            "cidr_block": "172.23.0.0/16",
            "default_network_acl_id": "acl-0c0db04883ee6d098",
            "default_route_table_id": "rtb-0813fc3eed87fcc09",
            "default_security_group_id": "sg-08ca10a6a96ee8e99",
            "dhcp_options_id": "dopt-06cb0e95434bfddc4",
            "enable_classiclink": false,
            "enable_classiclink_dns_support": false,
            "enable_dns_hostnames": true,
            "enable_dns_support": true,
            "id": "vpc-066b861fa61f744b4",
            "instance_tenancy": "default",
            "ipv4_ipam_pool_id": null,
            "ipv4_netmask_length": null,
            "ipv6_association_id": "",
            "ipv6_cidr_block": "",
            "ipv6_cidr_block_network_border_group": "",
            "ipv6_ipam_pool_id": "",
            "ipv6_netmask_length": 0,
            "main_route_table_id": "rtb-0813fc3eed87fcc09",
            "owner_id": "566879691663",
            "tags": {
              "Name": "VPC"
            },
            "tags_all": {
              "Name": "VPC"
            }
          },
          "sensitive_attributes": [],
          "private": "eyJzY2hlbWFfdmVyc2lvbiI6IjEifQ=="
        }
      ]
    }
  ]
}
