{
  "version": 4,
  "terraform_version": "1.2.4",
  "serial": 100,
  "lineage": "78042e21-8770-1454-063d-d6374d548526",
  "outputs": {
    "caldera_server_id": {
      "value": "i-0aea1adfbd2aeb4b0",
      "type": "string"
    },
    "caldera_server_ip": {
      "value": "54.242.4.100",
      "type": "string"
    },
    "rsa_private_key": {
      "value": "-----BEGIN RSA PRIVATE KEY-----\nMIIJKQIBAAKCAgEA7UsW9wDKEDcY2QH+WS1Li7BM06oCZqahjvwM8demyx8taojq\nbSUY35Bfndk7NfaAC9MXb3SgaPNyGKXthH5XeoTw+UCaUU55hlEdxGNt+00VE8hV\nysuqDVOCY9r7BfsFH7W7AI2gDDqVxXQZQmIfPpNsxk4IxGL88p/x3qemCNyD9PxU\nHqpxCH6lI6gEiqfGN0kyQKFrUabzMQvPVcC/ObC+9AIRzs9IFfJigy+Hh1fo9pVe\nHIkuEdSXTj+9S1FWp4ShJpT20qcD2pNt50eJI3lVHamnjzZgIeKTdmNfkC+wC2/P\np5V2Cw16vQBkfl8BS7Gnchp8gC07GzFMvK9eKgmGWoT3XF2rcXkMpHFDqulvhgq7\nCPSy9Oq6LBuVWh3sUYxhd2W5SgjdvblY87UM3i/KGTf5SUWFZa89XUdlWnLUSB41\nrH2FhpAuVMEkvtvq0t7dNRUBxOQkr07El30/27R1ZATn+o64Jlpnb+cqMNM6tmrA\nlNbwLzBpeR0cdD2UVOYsP/mIp4q9+Jwu52xt4zYL99ZTjbXAy+tdMI0YJ3FLAWlB\nGIPoItkKVZ+kK8QjckTAzk0tvFdmTdRwbUY+aAeF2ea35umM5ko0mFQ8PLFUdQ/N\nKxBcAmOWsMBZ9DheS6hCkWNpXkgiAnHww66cabj5kWHBbJJX2XVRYM9+IBECAwEA\nAQKCAgBoLDXpu/P5SGblJeXmemcW7Q/dQF6LeA2m+uon5bd4prhGc9MOlWGlC/me\nD3baCtxN1J8ONBIT4QQu4/Ew4FJBHEm58u2MUjoxiDzcMZZf44gkRie7vstpzEaK\n1eCr0HaAZESzSnl/xNxpcb2BEhiLXSc8q5dXt+k6DpOdXtYaP8zCaV/4knTK+OZA\nkAtmX586OC0SiIrXrsZGutuL1vFcP0alUp9EvmT0FZO/6cbC2QoR7qMBPgv2kfDW\nzk6o2Q2Ev0oL6QuukNm1RFHUXehLpYGDYy6HRaTQW2rHZ3rVjsnnS2/LL2dCFOnU\nPW7gt46XD2fmRNBxaOnw1yTMFOTuERQXG008OXc0d9BEs12QjyyUjxtixNqqDdBF\nbXrJTV9iu/c24xDlQsQ5GIIYL/uYdUQKQGM5vi8ApchFM4eHyEmqgMfu61mC9HkH\nWwr/VuK7EGp5rgdiXTdkG4n+6EK9X8Q/sPD+zZ0LpbJAeqGp1ZtNIjqE3M0G6OhU\njX+THo+tSfCJjWHstXM6CkyRiLX7CYelYYtTVsSHdssBv2BooSpEHcv1COiAbs73\n+WdKXThnMdxV0Wu4ATAqCY/YurkGgMjU9n9x4GHPZYZt66s19iTg5lmlZUWQgSbx\nYYHDhGQBbzljfkodGLBwJB4nfSchztKNBubpp24jjbMuo+hmAQKCAQEA9Bu6E9Vp\nE//zb6hgmPs8pUWphxlI6BGhWqoM40ILFIMB5/cYiLyvFjjcdJNAi5IFqoZiAm1z\nVYMqgDLFp0r9CT3DmO2F9I8X4VPvPkmGTKkKJS00b1wPqcdpG5SaNGpl/vu2CnhM\nNvfK0+stpardsWLj4p9yBRyiirkYaUFa8j5UCdv2ozcuRJM75CX8f1A8VIRm6wKZ\nVNIBPHpfxPInYP9jy+IuTf+jgOY8NvstXJTigiuxUo5sk2oQ1obbUXIA8II6NSNP\nRsOzQgpuXEejZU1yVnfNbGY67/tISNwz6urSdGZV6goEdg0C8eHyOvx8ysBU8To7\nN9NA6WACaI0xsQKCAQEA+Npfh1RnxazmFoSxbxumBcL8oRoczGJEp5O8ncSUjeKk\nJqCId5Is2U69uWB7CuimdB9xhHT+ZrwnOlDQcueAhB4K6y0WABMEt/uBx2uF2Ovw\nJoDeqWSJXXo5lVtDuftlAxOpZOkjkQc3uQId0fhwJ5Jyu5kBy//PVApJUg73v4jm\nf+t/BMPmNQV3+CyL0IyVZqu+22sbPl2l4PfBm4rJP2/mCuuggIMKh9R04Bo9HvPX\nkoCvxNtS47jxGsKfJY1MEZ579PymOtpbOrlMtruqLpOxsreuLPXqIQfyvD5c2ZQh\nTr4EiqobbkCXEfQKBX2SPnzljEx/ZMCYHvkmvsoMYQKCAQAUgxvwvLcWsiQ/lrN/\nR2VCMgdbzdkdfxXC65Unp44MzDFlz5KlMs23nVGRDiqXT87gFGi58X6Gif4RRbLs\nKtX2Z9U+zX67HScRjR8GaeE6Id4zX4gPb3n1d0cyxRrsGqC1e2tBl/g3ijzl79Yn\nHKOCW1/w1BsdqNlTtNgDSDWfM3OWXIBuGJ3vrzuSIUsFW7WmGHYZe19tDDSEY3gW\nsY5zjSJSqI/hiACyPSaELDkUlYIvFALTgBpJjNkbXbuiLWU80ISZoHzx4lH206+Q\nW4i0Y3yfHXQKjtCXB9N8I9zM+axzkYHYp7zWOqOrtaPIJx1JYD4DAzSkrUDAG4w4\nQt0RAoIBAQC3ODC1dtOgmxgc5D2vTHAENffCtXMWmBNsPj3U+vNVM9UgC3nub1VN\n+cd+QSbWdUx4mt39ZBYaldVb/jw7HW9l1qi7Vkqoa1hCDY8TwHqfp7b84k0N8tOg\nW2kiKjvHJuzMQyGpBm4FTYcdVA2Ylo4c1JpcvN6xz/paKeip3hNSlfz/mee/HmzU\nBN67fjDCr38gRLsU2dsJI/IJnOCTIK/jYQPCbpGRjOmn8CjNBwSRUX8aglznV4PD\n3lrGFR0PjOTA5CrnyUyqcDJTHjL5J1q5SEzBBLPcroJfJ3b0WgYKvCF51DWL0oq3\nth6EPWVTfYy7LUHk9j2ldJeL1m1Mc36BAoIBAQCZlLsZpEpXZ4hSQSXB8oAIm0oD\nJzs4ShOauOwfnMbYcMKplN75NbFlQxQs4QMs6KbTPSfuKHMZzG3WkmJcDs2+y2Na\npq74OGYxVrjQRaKkOs4FfF4RG6QiQ3WBFBQK1KeKGVqJk4MfNBfHqmMekUQLGhZB\n3gGpTSuqA0g70mnIfYiY1XbIOwW2pPN8Kk/HWoVFDLNoBt/xgdbyrddYhqvz/aft\ndnrhBCX6ZA8wy6QHbSNSTY1544XfyXB+q8/K5cEMGAzg1ZrneLj7NzGP2Z48S1PM\nu8qZFOjmU1lP6E2pVIozC1eGZzNGtU/CLgHh97JtKuwG87ys6cv9hBB1Q++h\n-----END RSA PRIVATE KEY-----\n",
      "type": "string"
    }
  },
  "resources": [
    {
      "mode": "managed",
      "type": "aws_instance",
      "name": "caldera_server",
      "provider": "provider[\"registry.terraform.io/hashicorp/aws\"]",
      "instances": [
        {
          "schema_version": 1,
          "attributes": {
            "ami": "ami-09d56f8956ab235b3",
            "arn": "arn:aws:ec2:us-east-1:512464434852:instance/i-0aea1adfbd2aeb4b0",
            "associate_public_ip_address": true,
            "availability_zone": "us-east-1a",
            "capacity_reservation_specification": [
              {
                "capacity_reservation_preference": "open",
                "capacity_reservation_target": []
              }
            ],
            "cpu_core_count": 1,
            "cpu_threads_per_core": 2,
            "credit_specification": [
              {
                "cpu_credits": "unlimited"
              }
            ],
            "disable_api_stop": false,
            "disable_api_termination": false,
            "ebs_block_device": [],
            "ebs_optimized": false,
            "enclave_options": [
              {
                "enabled": false
              }
            ],
            "ephemeral_block_device": [],
            "get_password_data": false,
            "hibernation": false,
            "host_id": null,
            "iam_instance_profile": "",
            "id": "i-0aea1adfbd2aeb4b0",
            "instance_initiated_shutdown_behavior": "stop",
            "instance_state": "running",
            "instance_type": "t3.medium",
            "ipv6_address_count": 0,
            "ipv6_addresses": [],
            "key_name": "caldera-nodes",
            "launch_template": [],
            "maintenance_options": [
              {
                "auto_recovery": "default"
              }
            ],
            "metadata_options": [
              {
                "http_endpoint": "enabled",
                "http_put_response_hop_limit": 1,
                "http_tokens": "optional",
                "instance_metadata_tags": "disabled"
              }
            ],
            "monitoring": false,
            "network_interface": [],
            "outpost_arn": "",
            "password_data": "",
            "placement_group": "",
            "placement_partition_number": null,
            "primary_network_interface_id": "eni-0bb87d8a5a0995cf9",
            "private_dns": "ip-172-23-4-95.ec2.internal",
            "private_dns_name_options": [
              {
                "enable_resource_name_dns_a_record": false,
                "enable_resource_name_dns_aaaa_record": false,
                "hostname_type": "ip-name"
              }
            ],
            "private_ip": "172.23.4.95",
            "public_dns": "ec2-54-242-4-100.compute-1.amazonaws.com",
            "public_ip": "54.242.4.100",
            "root_block_device": [
              {
                "delete_on_termination": true,
                "device_name": "/dev/sda1",
                "encrypted": false,
                "iops": 100,
                "kms_key_id": "",
                "tags": {},
                "throughput": 0,
                "volume_id": "vol-01cdf3657d18ed17b",
                "volume_size": 8,
                "volume_type": "gp2"
              }
            ],
            "secondary_private_ips": [],
            "security_groups": [],
            "source_dest_check": true,
            "subnet_id": "subnet-066989a64c18d7930",
            "tags": {
              "Name": "caldera_server",
              "environment": "caldera-test"
            },
            "tags_all": {
              "Name": "caldera_server",
              "environment": "caldera-test"
            },
            "tenancy": "default",
            "timeouts": null,
            "user_data": null,
            "user_data_base64": null,
            "user_data_replace_on_change": false,
            "volume_tags": null,
            "vpc_security_group_ids": [
              "sg-00027a3ef9cde3f50"
            ]
          },
          "sensitive_attributes": [],
          "private": "eyJlMmJmYjczMC1lY2FhLTExZTYtOGY4OC0zNDM2M2JjN2M0YzAiOnsiY3JlYXRlIjo2MDAwMDAwMDAwMDAsImRlbGV0ZSI6MTIwMDAwMDAwMDAwMCwidXBkYXRlIjo2MDAwMDAwMDAwMDB9LCJzY2hlbWFfdmVyc2lvbiI6IjEifQ==",
          "dependencies": [
            "aws_security_group.sg_caldera_server",
            "module.aws_rsa_key.aws_key_pair.worker",
            "module.aws_rsa_key.local_file.ssh_local",
            "module.aws_rsa_key.tls_private_key.ssh_key",
            "module.vpc.aws_cloudwatch_log_group.flow_log",
            "module.vpc.aws_customer_gateway.this",
            "module.vpc.aws_db_subnet_group.database",
            "module.vpc.aws_default_network_acl.this",
            "module.vpc.aws_default_route_table.default",
            "module.vpc.aws_default_security_group.this",
            "module.vpc.aws_default_vpc.this",
            "module.vpc.aws_egress_only_internet_gateway.this",
            "module.vpc.aws_eip.nat",
            "module.vpc.aws_elasticache_subnet_group.elasticache",
            "module.vpc.aws_flow_log.this",
            "module.vpc.aws_iam_policy.vpc_flow_log_cloudwatch",
            "module.vpc.aws_iam_role.vpc_flow_log_cloudwatch",
            "module.vpc.aws_iam_role_policy_attachment.vpc_flow_log_cloudwatch",
            "module.vpc.aws_internet_gateway.this",
            "module.vpc.aws_nat_gateway.this",
            "module.vpc.aws_network_acl.database",
            "module.vpc.aws_network_acl.elasticache",
            "module.vpc.aws_network_acl.intra",
            "module.vpc.aws_network_acl.outpost",
            "module.vpc.aws_network_acl.private",
            "module.vpc.aws_network_acl.public",
            "module.vpc.aws_network_acl.redshift",
            "module.vpc.aws_network_acl_rule.database_inbound",
            "module.vpc.aws_network_acl_rule.database_outbound",
            "module.vpc.aws_network_acl_rule.elasticache_inbound",
            "module.vpc.aws_network_acl_rule.elasticache_outbound",
            "module.vpc.aws_network_acl_rule.intra_inbound",
            "module.vpc.aws_network_acl_rule.intra_outbound",
            "module.vpc.aws_network_acl_rule.outpost_inbound",
            "module.vpc.aws_network_acl_rule.outpost_outbound",
            "module.vpc.aws_network_acl_rule.private_inbound",
            "module.vpc.aws_network_acl_rule.private_outbound",
            "module.vpc.aws_network_acl_rule.public_inbound",
            "module.vpc.aws_network_acl_rule.public_outbound",
            "module.vpc.aws_network_acl_rule.redshift_inbound",
            "module.vpc.aws_network_acl_rule.redshift_outbound",
            "module.vpc.aws_redshift_subnet_group.redshift",
            "module.vpc.aws_route.database_internet_gateway",
            "module.vpc.aws_route.database_ipv6_egress",
            "module.vpc.aws_route.database_nat_gateway",
            "module.vpc.aws_route.private_ipv6_egress",
            "module.vpc.aws_route.private_nat_gateway",
            "module.vpc.aws_route.public_internet_gateway",
            "module.vpc.aws_route.public_internet_gateway_ipv6",
            "module.vpc.aws_route_table.database",
            "module.vpc.aws_route_table.elasticache",
            "module.vpc.aws_route_table.intra",
            "module.vpc.aws_route_table.private",
            "module.vpc.aws_route_table.public",
            "module.vpc.aws_route_table.redshift",
            "module.vpc.aws_route_table_association.database",
            "module.vpc.aws_route_table_association.elasticache",
            "module.vpc.aws_route_table_association.intra",
            "module.vpc.aws_route_table_association.outpost",
            "module.vpc.aws_route_table_association.private",
            "module.vpc.aws_route_table_association.public",
            "module.vpc.aws_route_table_association.redshift",
            "module.vpc.aws_route_table_association.redshift_public",
            "module.vpc.aws_subnet.database",
            "module.vpc.aws_subnet.elasticache",
            "module.vpc.aws_subnet.intra",
            "module.vpc.aws_subnet.outpost",
            "module.vpc.aws_subnet.private",
            "module.vpc.aws_subnet.public",
            "module.vpc.aws_subnet.redshift",
            "module.vpc.aws_vpc.this",
            "module.vpc.aws_vpc_dhcp_options.this",
            "module.vpc.aws_vpc_dhcp_options_association.this",
            "module.vpc.aws_vpc_ipv4_cidr_block_association.this",
            "module.vpc.aws_vpn_gateway.this",
            "module.vpc.aws_vpn_gateway_attachment.this",
            "module.vpc.aws_vpn_gateway_route_propagation.intra",
            "module.vpc.aws_vpn_gateway_route_propagation.private",
            "module.vpc.aws_vpn_gateway_route_propagation.public",
            "module.vpc.data.aws_iam_policy_document.flow_log_cloudwatch_assume_role",
            "module.vpc.data.aws_iam_policy_document.vpc_flow_log_cloudwatch"
          ]
        }
      ]
    },
    {
      "mode": "managed",
      "type": "aws_security_group",
      "name": "sg_caldera_server",
      "provider": "provider[\"registry.terraform.io/hashicorp/aws\"]",
      "instances": [
        {
          "schema_version": 1,
          "attributes": {
            "arn": "arn:aws:ec2:us-east-1:512464434852:security-group/sg-00027a3ef9cde3f50",
            "description": "Allow ports for caldera server",
            "egress": [
              {
                "cidr_blocks": [
                  "0.0.0.0/0"
                ],
                "description": "",
                "from_port": 0,
                "ipv6_cidr_blocks": [],
                "prefix_list_ids": [],
                "protocol": "-1",
                "security_groups": [],
                "self": false,
                "to_port": 0
              }
            ],
            "id": "sg-00027a3ef9cde3f50",
            "ingress": [
              {
                "cidr_blocks": [
                  "0.0.0.0/0"
                ],
                "description": "Caldera server port",
                "from_port": 2288,
                "ipv6_cidr_blocks": [],
                "prefix_list_ids": [],
                "protocol": "tcp",
                "security_groups": [],
                "self": false,
                "to_port": 2288
              },
              {
                "cidr_blocks": [
                  "0.0.0.0/0"
                ],
                "description": "SSH from VPC",
                "from_port": 22,
                "ipv6_cidr_blocks": [],
                "prefix_list_ids": [],
                "protocol": "tcp",
                "security_groups": [],
                "self": false,
                "to_port": 22
              }
            ],
            "name": "sg_caldera_server",
            "name_prefix": "",
            "owner_id": "512464434852",
            "revoke_rules_on_delete": false,
            "tags": {
              "environment": "caldera-test"
            },
            "tags_all": {
              "environment": "caldera-test"
            },
            "timeouts": null,
            "vpc_id": "vpc-0aff4b21680f8bcb3"
          },
          "sensitive_attributes": [],
          "private": "eyJlMmJmYjczMC1lY2FhLTExZTYtOGY4OC0zNDM2M2JjN2M0YzAiOnsiY3JlYXRlIjo2MDAwMDAwMDAwMDAsImRlbGV0ZSI6OTAwMDAwMDAwMDAwfSwic2NoZW1hX3ZlcnNpb24iOiIxIn0=",
          "dependencies": [
            "module.vpc.aws_vpc.this"
          ]
        }
      ]
    },
    {
      "module": "module.aws_rsa_key",
      "mode": "managed",
      "type": "aws_key_pair",
      "name": "worker",
      "provider": "provider[\"registry.terraform.io/hashicorp/aws\"]",
      "instances": [
        {
          "schema_version": 1,
          "attributes": {
            "arn": "arn:aws:ec2:us-east-1:512464434852:key-pair/caldera-nodes",
            "fingerprint": "e8:5b:1c:55:b2:7e:d8:9d:73:81:8f:f7:4e:7b:92:82",
            "id": "caldera-nodes",
            "key_name": "caldera-nodes",
            "key_name_prefix": "",
            "key_pair_id": "key-039a3489c102b7e45",
            "key_type": "rsa",
            "public_key": "ssh-rsa AAAAB3NzaC1yc2EAAAADAQABAAACAQDtSxb3AMoQNxjZAf5ZLUuLsEzTqgJmpqGO/Azx16bLHy1qiOptJRjfkF+d2Ts19oAL0xdvdKBo83IYpe2Efld6hPD5QJpRTnmGUR3EY237TRUTyFXKy6oNU4Jj2vsF+wUftbsAjaAMOpXFdBlCYh8+k2zGTgjEYvzyn/Hep6YI3IP0/FQeqnEIfqUjqASKp8Y3STJAoWtRpvMxC89VwL85sL70AhHOz0gV8mKDL4eHV+j2lV4ciS4R1JdOP71LUVanhKEmlPbSpwPak23nR4kjeVUdqaePNmAh4pN2Y1+QL7ALb8+nlXYLDXq9AGR+XwFLsadyGnyALTsbMUy8r14qCYZahPdcXatxeQykcUOq6W+GCrsI9LL06rosG5VaHexRjGF3ZblKCN29uVjztQzeL8oZN/lJRYVlrz1dR2VactRIHjWsfYWGkC5UwSS+2+rS3t01FQHE5CSvTsSXfT/btHVkBOf6jrgmWmdv5yow0zq2asCU1vAvMGl5HRx0PZRU5iw/+Yinir34nC7nbG3jNgv31lONtcDL610wjRgncUsBaUEYg+gi2QpVn6QrxCNyRMDOTS28V2ZN1HBtRj5oB4XZ5rfm6YzmSjSYVDw8sVR1D80rEFwCY5awwFn0OF5LqEKRY2leSCICcfDDrpxpuPmRYcFsklfZdVFgz34gEQ==",
            "tags": null,
            "tags_all": {}
          },
          "sensitive_attributes": [],
          "private": "eyJzY2hlbWFfdmVyc2lvbiI6IjEifQ==",
          "dependencies": [
            "module.aws_rsa_key.tls_private_key.ssh_key",
            "module.vpc.aws_cloudwatch_log_group.flow_log",
            "module.vpc.aws_customer_gateway.this",
            "module.vpc.aws_db_subnet_group.database",
            "module.vpc.aws_default_network_acl.this",
            "module.vpc.aws_default_route_table.default",
            "module.vpc.aws_default_security_group.this",
            "module.vpc.aws_default_vpc.this",
            "module.vpc.aws_egress_only_internet_gateway.this",
            "module.vpc.aws_eip.nat",
            "module.vpc.aws_elasticache_subnet_group.elasticache",
            "module.vpc.aws_flow_log.this",
            "module.vpc.aws_iam_policy.vpc_flow_log_cloudwatch",
            "module.vpc.aws_iam_role.vpc_flow_log_cloudwatch",
            "module.vpc.aws_iam_role_policy_attachment.vpc_flow_log_cloudwatch",
            "module.vpc.aws_internet_gateway.this",
            "module.vpc.aws_nat_gateway.this",
            "module.vpc.aws_network_acl.database",
            "module.vpc.aws_network_acl.elasticache",
            "module.vpc.aws_network_acl.intra",
            "module.vpc.aws_network_acl.outpost",
            "module.vpc.aws_network_acl.private",
            "module.vpc.aws_network_acl.public",
            "module.vpc.aws_network_acl.redshift",
            "module.vpc.aws_network_acl_rule.database_inbound",
            "module.vpc.aws_network_acl_rule.database_outbound",
            "module.vpc.aws_network_acl_rule.elasticache_inbound",
            "module.vpc.aws_network_acl_rule.elasticache_outbound",
            "module.vpc.aws_network_acl_rule.intra_inbound",
            "module.vpc.aws_network_acl_rule.intra_outbound",
            "module.vpc.aws_network_acl_rule.outpost_inbound",
            "module.vpc.aws_network_acl_rule.outpost_outbound",
            "module.vpc.aws_network_acl_rule.private_inbound",
            "module.vpc.aws_network_acl_rule.private_outbound",
            "module.vpc.aws_network_acl_rule.public_inbound",
            "module.vpc.aws_network_acl_rule.public_outbound",
            "module.vpc.aws_network_acl_rule.redshift_inbound",
            "module.vpc.aws_network_acl_rule.redshift_outbound",
            "module.vpc.aws_redshift_subnet_group.redshift",
            "module.vpc.aws_route.database_internet_gateway",
            "module.vpc.aws_route.database_ipv6_egress",
            "module.vpc.aws_route.database_nat_gateway",
            "module.vpc.aws_route.private_ipv6_egress",
            "module.vpc.aws_route.private_nat_gateway",
            "module.vpc.aws_route.public_internet_gateway",
            "module.vpc.aws_route.public_internet_gateway_ipv6",
            "module.vpc.aws_route_table.database",
            "module.vpc.aws_route_table.elasticache",
            "module.vpc.aws_route_table.intra",
            "module.vpc.aws_route_table.private",
            "module.vpc.aws_route_table.public",
            "module.vpc.aws_route_table.redshift",
            "module.vpc.aws_route_table_association.database",
            "module.vpc.aws_route_table_association.elasticache",
            "module.vpc.aws_route_table_association.intra",
            "module.vpc.aws_route_table_association.outpost",
            "module.vpc.aws_route_table_association.private",
            "module.vpc.aws_route_table_association.public",
            "module.vpc.aws_route_table_association.redshift",
            "module.vpc.aws_route_table_association.redshift_public",
            "module.vpc.aws_subnet.database",
            "module.vpc.aws_subnet.elasticache",
            "module.vpc.aws_subnet.intra",
            "module.vpc.aws_subnet.outpost",
            "module.vpc.aws_subnet.private",
            "module.vpc.aws_subnet.public",
            "module.vpc.aws_subnet.redshift",
            "module.vpc.aws_vpc.this",
            "module.vpc.aws_vpc_dhcp_options.this",
            "module.vpc.aws_vpc_dhcp_options_association.this",
            "module.vpc.aws_vpc_ipv4_cidr_block_association.this",
            "module.vpc.aws_vpn_gateway.this",
            "module.vpc.aws_vpn_gateway_attachment.this",
            "module.vpc.aws_vpn_gateway_route_propagation.intra",
            "module.vpc.aws_vpn_gateway_route_propagation.private",
            "module.vpc.aws_vpn_gateway_route_propagation.public",
            "module.vpc.data.aws_iam_policy_document.flow_log_cloudwatch_assume_role",
            "module.vpc.data.aws_iam_policy_document.vpc_flow_log_cloudwatch"
          ]
        }
      ]
    },
    {
      "module": "module.aws_rsa_key",
      "mode": "managed",
      "type": "tls_private_key",
      "name": "ssh_key",
      "provider": "provider[\"registry.terraform.io/hashicorp/tls\"]",
      "instances": [
        {
          "schema_version": 1,
          "attributes": {
            "algorithm": "RSA",
            "ecdsa_curve": "P224",
            "id": "8c0e5acff148070e69645281af7d3a6a29604211",
            "private_key_openssh": "-----BEGIN OPENSSH PRIVATE KEY-----\nb3BlbnNzaC1rZXktdjEAAAAABG5vbmUAAAAEbm9uZQAAAAAAAAABAAACFwAAAAdz\nc2gtcnNhAAAAAwEAAQAAAgEA7UsW9wDKEDcY2QH+WS1Li7BM06oCZqahjvwM8dem\nyx8taojqbSUY35Bfndk7NfaAC9MXb3SgaPNyGKXthH5XeoTw+UCaUU55hlEdxGNt\n+00VE8hVysuqDVOCY9r7BfsFH7W7AI2gDDqVxXQZQmIfPpNsxk4IxGL88p/x3qem\nCNyD9PxUHqpxCH6lI6gEiqfGN0kyQKFrUabzMQvPVcC/ObC+9AIRzs9IFfJigy+H\nh1fo9pVeHIkuEdSXTj+9S1FWp4ShJpT20qcD2pNt50eJI3lVHamnjzZgIeKTdmNf\nkC+wC2/Pp5V2Cw16vQBkfl8BS7Gnchp8gC07GzFMvK9eKgmGWoT3XF2rcXkMpHFD\nqulvhgq7CPSy9Oq6LBuVWh3sUYxhd2W5SgjdvblY87UM3i/KGTf5SUWFZa89XUdl\nWnLUSB41rH2FhpAuVMEkvtvq0t7dNRUBxOQkr07El30/27R1ZATn+o64Jlpnb+cq\nMNM6tmrAlNbwLzBpeR0cdD2UVOYsP/mIp4q9+Jwu52xt4zYL99ZTjbXAy+tdMI0Y\nJ3FLAWlBGIPoItkKVZ+kK8QjckTAzk0tvFdmTdRwbUY+aAeF2ea35umM5ko0mFQ8\nPLFUdQ/NKxBcAmOWsMBZ9DheS6hCkWNpXkgiAnHww66cabj5kWHBbJJX2XVRYM9+\nIBEAAAc4Tt3/m07d/5sAAAAHc3NoLXJzYQAAAgEA7UsW9wDKEDcY2QH+WS1Li7BM\n06oCZqahjvwM8demyx8taojqbSUY35Bfndk7NfaAC9MXb3SgaPNyGKXthH5XeoTw\n+UCaUU55hlEdxGNt+00VE8hVysuqDVOCY9r7BfsFH7W7AI2gDDqVxXQZQmIfPpNs\nxk4IxGL88p/x3qemCNyD9PxUHqpxCH6lI6gEiqfGN0kyQKFrUabzMQvPVcC/ObC+\n9AIRzs9IFfJigy+Hh1fo9pVeHIkuEdSXTj+9S1FWp4ShJpT20qcD2pNt50eJI3lV\nHamnjzZgIeKTdmNfkC+wC2/Pp5V2Cw16vQBkfl8BS7Gnchp8gC07GzFMvK9eKgmG\nWoT3XF2rcXkMpHFDqulvhgq7CPSy9Oq6LBuVWh3sUYxhd2W5SgjdvblY87UM3i/K\nGTf5SUWFZa89XUdlWnLUSB41rH2FhpAuVMEkvtvq0t7dNRUBxOQkr07El30/27R1\nZATn+o64Jlpnb+cqMNM6tmrAlNbwLzBpeR0cdD2UVOYsP/mIp4q9+Jwu52xt4zYL\n99ZTjbXAy+tdMI0YJ3FLAWlBGIPoItkKVZ+kK8QjckTAzk0tvFdmTdRwbUY+aAeF\n2ea35umM5ko0mFQ8PLFUdQ/NKxBcAmOWsMBZ9DheS6hCkWNpXkgiAnHww66cabj5\nkWHBbJJX2XVRYM9+IBEAAAADAQABAAACAGgsNem78/lIZuUl5eZ6ZxbtD91AXot4\nDab66iflt3imuEZz0w6VYaUL+Z4PdtoK3E3Unw40EhPhBC7j8TDgUkEcSbny7YxS\nOjGIPNwxll/jiCRGJ7u+y2nMRorV4KvQdoBkRLNKeX/E3GlxvYESGItdJzyrl1e3\n6ToOk51e1ho/zMJpX/iSdMr45kCQC2Zfnzo4LRKIiteuxka624vW8Vw/RqVSn0S+\nZPQVk7/pxsLZChHuowE+C/aR8NbOTqjZDYS/SgvpC66Q2bVEUdRd6EulgYNjLodF\npNBbasdnetWOyedLb8svZ0IU6dQ9buC3jpcPZ+ZE0HFo6fDXJMwU5O4RFBcbTTw5\ndzR30ESzXZCPLJSPG2LE2qoN0EVteslNX2K79zbjEOVCxDkYghgv+5h1RApAYzm+\nLwClyEUzh4fISaqAx+7rWYL0eQdbCv9W4rsQanmuB2JdN2Qbif7oQr1fxD+w8P7N\nnQulskB6oanVm00iOoTczQbo6FSNf5Mej61J8ImNYey1czoKTJGItfsJh6Vhi1NW\nxId2ywG/YGihKkQdy/UI6IBuzvf5Z0pdOGcx3FXRa7gBMCoJj9i6uQaAyNT2f3Hg\nYc9lhm3rqzX2JODmWaVlRZCBJvFhgcOEZAFvOWN+Sh0YsHAkHid9JyHO0o0G5umn\nbiONsy6j6GYBAAABAQCZlLsZpEpXZ4hSQSXB8oAIm0oDJzs4ShOauOwfnMbYcMKp\nlN75NbFlQxQs4QMs6KbTPSfuKHMZzG3WkmJcDs2+y2Napq74OGYxVrjQRaKkOs4F\nfF4RG6QiQ3WBFBQK1KeKGVqJk4MfNBfHqmMekUQLGhZB3gGpTSuqA0g70mnIfYiY\n1XbIOwW2pPN8Kk/HWoVFDLNoBt/xgdbyrddYhqvz/aftdnrhBCX6ZA8wy6QHbSNS\nTY1544XfyXB+q8/K5cEMGAzg1ZrneLj7NzGP2Z48S1PMu8qZFOjmU1lP6E2pVIoz\nC1eGZzNGtU/CLgHh97JtKuwG87ys6cv9hBB1Q++hAAABAQD0G7oT1WkT//NvqGCY\n+zylRamHGUjoEaFaqgzjQgsUgwHn9xiIvK8WONx0k0CLkgWqhmICbXNVgyqAMsWn\nSv0JPcOY7YX0jxfhU+8+SYZMqQolLTRvXA+px2kblJo0amX++7YKeEw298rT6y2l\nqt2xYuPin3IFHKKKuRhpQVryPlQJ2/ajNy5EkzvkJfx/UDxUhGbrAplU0gE8el/E\n8idg/2PL4i5N/6OA5jw2+y1clOKCK7FSjmyTahDWhttRcgDwgjo1I09Gw7NCCm5c\nR6NlTXJWd81sZjrv+0hI3DPq6tJ0ZlXqCgR2DQLx4fI6/HzKwFTxOjs300DpYAJo\njTGxAAABAQD42l+HVGfFrOYWhLFvG6YFwvyhGhzMYkSnk7ydxJSN4qQmoIh3kizZ\nTr25YHsK6KZ0H3GEdP5mvCc6UNBy54CEHgrrLRYAEwS3+4HHa4XY6/AmgN6pZIld\nejmVW0O5+2UDE6lk6SORBze5Ah3R+HAnknK7mQHL/89UCklSDve/iOZ/638Ew+Y1\nBXf4LIvQjJVmq77baxs+XaXg98Gbisk/b+YK66CAgwqH1HTgGj0e89eSgK/E21Lj\nuPEawp8ljUwRnnv0/KY62ls6uUy2u6ouk7Gyt64s9eohB/K8PlzZlCFOvgSKqhtu\nQJcR9AoFfZI+fOWMTH9kwJge+Sa+ygxhAAAAAAEC\n-----END OPENSSH PRIVATE KEY-----\n",
            "private_key_pem": "-----BEGIN RSA PRIVATE KEY-----\nMIIJKQIBAAKCAgEA7UsW9wDKEDcY2QH+WS1Li7BM06oCZqahjvwM8demyx8taojq\nbSUY35Bfndk7NfaAC9MXb3SgaPNyGKXthH5XeoTw+UCaUU55hlEdxGNt+00VE8hV\nysuqDVOCY9r7BfsFH7W7AI2gDDqVxXQZQmIfPpNsxk4IxGL88p/x3qemCNyD9PxU\nHqpxCH6lI6gEiqfGN0kyQKFrUabzMQvPVcC/ObC+9AIRzs9IFfJigy+Hh1fo9pVe\nHIkuEdSXTj+9S1FWp4ShJpT20qcD2pNt50eJI3lVHamnjzZgIeKTdmNfkC+wC2/P\np5V2Cw16vQBkfl8BS7Gnchp8gC07GzFMvK9eKgmGWoT3XF2rcXkMpHFDqulvhgq7\nCPSy9Oq6LBuVWh3sUYxhd2W5SgjdvblY87UM3i/KGTf5SUWFZa89XUdlWnLUSB41\nrH2FhpAuVMEkvtvq0t7dNRUBxOQkr07El30/27R1ZATn+o64Jlpnb+cqMNM6tmrA\nlNbwLzBpeR0cdD2UVOYsP/mIp4q9+Jwu52xt4zYL99ZTjbXAy+tdMI0YJ3FLAWlB\nGIPoItkKVZ+kK8QjckTAzk0tvFdmTdRwbUY+aAeF2ea35umM5ko0mFQ8PLFUdQ/N\nKxBcAmOWsMBZ9DheS6hCkWNpXkgiAnHww66cabj5kWHBbJJX2XVRYM9+IBECAwEA\nAQKCAgBoLDXpu/P5SGblJeXmemcW7Q/dQF6LeA2m+uon5bd4prhGc9MOlWGlC/me\nD3baCtxN1J8ONBIT4QQu4/Ew4FJBHEm58u2MUjoxiDzcMZZf44gkRie7vstpzEaK\n1eCr0HaAZESzSnl/xNxpcb2BEhiLXSc8q5dXt+k6DpOdXtYaP8zCaV/4knTK+OZA\nkAtmX586OC0SiIrXrsZGutuL1vFcP0alUp9EvmT0FZO/6cbC2QoR7qMBPgv2kfDW\nzk6o2Q2Ev0oL6QuukNm1RFHUXehLpYGDYy6HRaTQW2rHZ3rVjsnnS2/LL2dCFOnU\nPW7gt46XD2fmRNBxaOnw1yTMFOTuERQXG008OXc0d9BEs12QjyyUjxtixNqqDdBF\nbXrJTV9iu/c24xDlQsQ5GIIYL/uYdUQKQGM5vi8ApchFM4eHyEmqgMfu61mC9HkH\nWwr/VuK7EGp5rgdiXTdkG4n+6EK9X8Q/sPD+zZ0LpbJAeqGp1ZtNIjqE3M0G6OhU\njX+THo+tSfCJjWHstXM6CkyRiLX7CYelYYtTVsSHdssBv2BooSpEHcv1COiAbs73\n+WdKXThnMdxV0Wu4ATAqCY/YurkGgMjU9n9x4GHPZYZt66s19iTg5lmlZUWQgSbx\nYYHDhGQBbzljfkodGLBwJB4nfSchztKNBubpp24jjbMuo+hmAQKCAQEA9Bu6E9Vp\nE//zb6hgmPs8pUWphxlI6BGhWqoM40ILFIMB5/cYiLyvFjjcdJNAi5IFqoZiAm1z\nVYMqgDLFp0r9CT3DmO2F9I8X4VPvPkmGTKkKJS00b1wPqcdpG5SaNGpl/vu2CnhM\nNvfK0+stpardsWLj4p9yBRyiirkYaUFa8j5UCdv2ozcuRJM75CX8f1A8VIRm6wKZ\nVNIBPHpfxPInYP9jy+IuTf+jgOY8NvstXJTigiuxUo5sk2oQ1obbUXIA8II6NSNP\nRsOzQgpuXEejZU1yVnfNbGY67/tISNwz6urSdGZV6goEdg0C8eHyOvx8ysBU8To7\nN9NA6WACaI0xsQKCAQEA+Npfh1RnxazmFoSxbxumBcL8oRoczGJEp5O8ncSUjeKk\nJqCId5Is2U69uWB7CuimdB9xhHT+ZrwnOlDQcueAhB4K6y0WABMEt/uBx2uF2Ovw\nJoDeqWSJXXo5lVtDuftlAxOpZOkjkQc3uQId0fhwJ5Jyu5kBy//PVApJUg73v4jm\nf+t/BMPmNQV3+CyL0IyVZqu+22sbPl2l4PfBm4rJP2/mCuuggIMKh9R04Bo9HvPX\nkoCvxNtS47jxGsKfJY1MEZ579PymOtpbOrlMtruqLpOxsreuLPXqIQfyvD5c2ZQh\nTr4EiqobbkCXEfQKBX2SPnzljEx/ZMCYHvkmvsoMYQKCAQAUgxvwvLcWsiQ/lrN/\nR2VCMgdbzdkdfxXC65Unp44MzDFlz5KlMs23nVGRDiqXT87gFGi58X6Gif4RRbLs\nKtX2Z9U+zX67HScRjR8GaeE6Id4zX4gPb3n1d0cyxRrsGqC1e2tBl/g3ijzl79Yn\nHKOCW1/w1BsdqNlTtNgDSDWfM3OWXIBuGJ3vrzuSIUsFW7WmGHYZe19tDDSEY3gW\nsY5zjSJSqI/hiACyPSaELDkUlYIvFALTgBpJjNkbXbuiLWU80ISZoHzx4lH206+Q\nW4i0Y3yfHXQKjtCXB9N8I9zM+axzkYHYp7zWOqOrtaPIJx1JYD4DAzSkrUDAG4w4\nQt0RAoIBAQC3ODC1dtOgmxgc5D2vTHAENffCtXMWmBNsPj3U+vNVM9UgC3nub1VN\n+cd+QSbWdUx4mt39ZBYaldVb/jw7HW9l1qi7Vkqoa1hCDY8TwHqfp7b84k0N8tOg\nW2kiKjvHJuzMQyGpBm4FTYcdVA2Ylo4c1JpcvN6xz/paKeip3hNSlfz/mee/HmzU\nBN67fjDCr38gRLsU2dsJI/IJnOCTIK/jYQPCbpGRjOmn8CjNBwSRUX8aglznV4PD\n3lrGFR0PjOTA5CrnyUyqcDJTHjL5J1q5SEzBBLPcroJfJ3b0WgYKvCF51DWL0oq3\nth6EPWVTfYy7LUHk9j2ldJeL1m1Mc36BAoIBAQCZlLsZpEpXZ4hSQSXB8oAIm0oD\nJzs4ShOauOwfnMbYcMKplN75NbFlQxQs4QMs6KbTPSfuKHMZzG3WkmJcDs2+y2Na\npq74OGYxVrjQRaKkOs4FfF4RG6QiQ3WBFBQK1KeKGVqJk4MfNBfHqmMekUQLGhZB\n3gGpTSuqA0g70mnIfYiY1XbIOwW2pPN8Kk/HWoVFDLNoBt/xgdbyrddYhqvz/aft\ndnrhBCX6ZA8wy6QHbSNSTY1544XfyXB+q8/K5cEMGAzg1ZrneLj7NzGP2Z48S1PM\nu8qZFOjmU1lP6E2pVIozC1eGZzNGtU/CLgHh97JtKuwG87ys6cv9hBB1Q++h\n-----END RSA PRIVATE KEY-----\n",
            "private_key_pem_pkcs8": "-----BEGIN PRIVATE KEY-----\nMIIJQwIBADANBgkqhkiG9w0BAQEFAASCCS0wggkpAgEAAoICAQDtSxb3AMoQNxjZ\nAf5ZLUuLsEzTqgJmpqGO/Azx16bLHy1qiOptJRjfkF+d2Ts19oAL0xdvdKBo83IY\npe2Efld6hPD5QJpRTnmGUR3EY237TRUTyFXKy6oNU4Jj2vsF+wUftbsAjaAMOpXF\ndBlCYh8+k2zGTgjEYvzyn/Hep6YI3IP0/FQeqnEIfqUjqASKp8Y3STJAoWtRpvMx\nC89VwL85sL70AhHOz0gV8mKDL4eHV+j2lV4ciS4R1JdOP71LUVanhKEmlPbSpwPa\nk23nR4kjeVUdqaePNmAh4pN2Y1+QL7ALb8+nlXYLDXq9AGR+XwFLsadyGnyALTsb\nMUy8r14qCYZahPdcXatxeQykcUOq6W+GCrsI9LL06rosG5VaHexRjGF3ZblKCN29\nuVjztQzeL8oZN/lJRYVlrz1dR2VactRIHjWsfYWGkC5UwSS+2+rS3t01FQHE5CSv\nTsSXfT/btHVkBOf6jrgmWmdv5yow0zq2asCU1vAvMGl5HRx0PZRU5iw/+Yinir34\nnC7nbG3jNgv31lONtcDL610wjRgncUsBaUEYg+gi2QpVn6QrxCNyRMDOTS28V2ZN\n1HBtRj5oB4XZ5rfm6YzmSjSYVDw8sVR1D80rEFwCY5awwFn0OF5LqEKRY2leSCIC\ncfDDrpxpuPmRYcFsklfZdVFgz34gEQIDAQABAoICAGgsNem78/lIZuUl5eZ6Zxbt\nD91AXot4Dab66iflt3imuEZz0w6VYaUL+Z4PdtoK3E3Unw40EhPhBC7j8TDgUkEc\nSbny7YxSOjGIPNwxll/jiCRGJ7u+y2nMRorV4KvQdoBkRLNKeX/E3GlxvYESGItd\nJzyrl1e36ToOk51e1ho/zMJpX/iSdMr45kCQC2Zfnzo4LRKIiteuxka624vW8Vw/\nRqVSn0S+ZPQVk7/pxsLZChHuowE+C/aR8NbOTqjZDYS/SgvpC66Q2bVEUdRd6Eul\ngYNjLodFpNBbasdnetWOyedLb8svZ0IU6dQ9buC3jpcPZ+ZE0HFo6fDXJMwU5O4R\nFBcbTTw5dzR30ESzXZCPLJSPG2LE2qoN0EVteslNX2K79zbjEOVCxDkYghgv+5h1\nRApAYzm+LwClyEUzh4fISaqAx+7rWYL0eQdbCv9W4rsQanmuB2JdN2Qbif7oQr1f\nxD+w8P7NnQulskB6oanVm00iOoTczQbo6FSNf5Mej61J8ImNYey1czoKTJGItfsJ\nh6Vhi1NWxId2ywG/YGihKkQdy/UI6IBuzvf5Z0pdOGcx3FXRa7gBMCoJj9i6uQaA\nyNT2f3HgYc9lhm3rqzX2JODmWaVlRZCBJvFhgcOEZAFvOWN+Sh0YsHAkHid9JyHO\n0o0G5umnbiONsy6j6GYBAoIBAQD0G7oT1WkT//NvqGCY+zylRamHGUjoEaFaqgzj\nQgsUgwHn9xiIvK8WONx0k0CLkgWqhmICbXNVgyqAMsWnSv0JPcOY7YX0jxfhU+8+\nSYZMqQolLTRvXA+px2kblJo0amX++7YKeEw298rT6y2lqt2xYuPin3IFHKKKuRhp\nQVryPlQJ2/ajNy5EkzvkJfx/UDxUhGbrAplU0gE8el/E8idg/2PL4i5N/6OA5jw2\n+y1clOKCK7FSjmyTahDWhttRcgDwgjo1I09Gw7NCCm5cR6NlTXJWd81sZjrv+0hI\n3DPq6tJ0ZlXqCgR2DQLx4fI6/HzKwFTxOjs300DpYAJojTGxAoIBAQD42l+HVGfF\nrOYWhLFvG6YFwvyhGhzMYkSnk7ydxJSN4qQmoIh3kizZTr25YHsK6KZ0H3GEdP5m\nvCc6UNBy54CEHgrrLRYAEwS3+4HHa4XY6/AmgN6pZIldejmVW0O5+2UDE6lk6SOR\nBze5Ah3R+HAnknK7mQHL/89UCklSDve/iOZ/638Ew+Y1BXf4LIvQjJVmq77baxs+\nXaXg98Gbisk/b+YK66CAgwqH1HTgGj0e89eSgK/E21LjuPEawp8ljUwRnnv0/KY6\n2ls6uUy2u6ouk7Gyt64s9eohB/K8PlzZlCFOvgSKqhtuQJcR9AoFfZI+fOWMTH9k\nwJge+Sa+ygxhAoIBABSDG/C8txayJD+Ws39HZUIyB1vN2R1/FcLrlSenjgzMMWXP\nkqUyzbedUZEOKpdPzuAUaLnxfoaJ/hFFsuwq1fZn1T7NfrsdJxGNHwZp4Toh3jNf\niA9vefV3RzLFGuwaoLV7a0GX+DeKPOXv1icco4JbX/DUGx2o2VO02ANINZ8zc5Zc\ngG4Yne+vO5IhSwVbtaYYdhl7X20MNIRjeBaxjnONIlKoj+GIALI9JoQsORSVgi8U\nAtOAGkmM2Rtdu6ItZTzQhJmgfPHiUfbTr5BbiLRjfJ8ddAqO0JcH03wj3Mz5rHOR\ngdinvNY6o6u1o8gnHUlgPgMDNKStQMAbjDhC3RECggEBALc4MLV206CbGBzkPa9M\ncAQ198K1cxaYE2w+PdT681Uz1SALee5vVU35x35BJtZ1THia3f1kFhqV1Vv+PDsd\nb2XWqLtWSqhrWEINjxPAep+ntvziTQ3y06BbaSIqO8cm7MxDIakGbgVNhx1UDZiW\njhzUmly83rHP+lop6KneE1KV/P+Z578ebNQE3rt+MMKvfyBEuxTZ2wkj8gmc4JMg\nr+NhA8JukZGM6afwKM0HBJFRfxqCXOdXg8PeWsYVHQ+M5MDkKufJTKpwMlMeMvkn\nWrlITMEEs9yugl8ndvRaBgq8IXnUNYvSire2HoQ9ZVN9jLstQeT2PaV0l4vWbUxz\nfoECggEBAJmUuxmkSldniFJBJcHygAibSgMnOzhKE5q47B+cxthwwqmU3vk1sWVD\nFCzhAyzoptM9J+4ocxnMbdaSYlwOzb7LY1qmrvg4ZjFWuNBFoqQ6zgV8XhEbpCJD\ndYEUFArUp4oZWomTgx80F8eqYx6RRAsaFkHeAalNK6oDSDvSach9iJjVdsg7Bbak\n83wqT8dahUUMs2gG3/GB1vKt11iGq/P9p+12euEEJfpkDzDLpAdtI1JNjXnjhd/J\ncH6rz8rlwQwYDODVmud4uPs3MY/ZnjxLU8y7ypkU6OZTWU/oTalUijMLV4ZnM0a1\nT8IuAeH3sm0q7AbzvKzpy/2EEHVD76E=\n-----END PRIVATE KEY-----\n",
            "public_key_fingerprint_md5": "70:a9:ab:89:e8:f6:bd:7f:18:e3:8c:b0:80:ad:89:f6",
            "public_key_fingerprint_sha256": "SHA256:P/Y1aEwUOeQ42ccH89O172GeSjd9Bn6FPlbB5T1b4C0",
            "public_key_openssh": "ssh-rsa AAAAB3NzaC1yc2EAAAADAQABAAACAQDtSxb3AMoQNxjZAf5ZLUuLsEzTqgJmpqGO/Azx16bLHy1qiOptJRjfkF+d2Ts19oAL0xdvdKBo83IYpe2Efld6hPD5QJpRTnmGUR3EY237TRUTyFXKy6oNU4Jj2vsF+wUftbsAjaAMOpXFdBlCYh8+k2zGTgjEYvzyn/Hep6YI3IP0/FQeqnEIfqUjqASKp8Y3STJAoWtRpvMxC89VwL85sL70AhHOz0gV8mKDL4eHV+j2lV4ciS4R1JdOP71LUVanhKEmlPbSpwPak23nR4kjeVUdqaePNmAh4pN2Y1+QL7ALb8+nlXYLDXq9AGR+XwFLsadyGnyALTsbMUy8r14qCYZahPdcXatxeQykcUOq6W+GCrsI9LL06rosG5VaHexRjGF3ZblKCN29uVjztQzeL8oZN/lJRYVlrz1dR2VactRIHjWsfYWGkC5UwSS+2+rS3t01FQHE5CSvTsSXfT/btHVkBOf6jrgmWmdv5yow0zq2asCU1vAvMGl5HRx0PZRU5iw/+Yinir34nC7nbG3jNgv31lONtcDL610wjRgncUsBaUEYg+gi2QpVn6QrxCNyRMDOTS28V2ZN1HBtRj5oB4XZ5rfm6YzmSjSYVDw8sVR1D80rEFwCY5awwFn0OF5LqEKRY2leSCICcfDDrpxpuPmRYcFsklfZdVFgz34gEQ==\n",
            "public_key_pem": "-----BEGIN PUBLIC KEY-----\nMIICIjANBgkqhkiG9w0BAQEFAAOCAg8AMIICCgKCAgEA7UsW9wDKEDcY2QH+WS1L\ni7BM06oCZqahjvwM8demyx8taojqbSUY35Bfndk7NfaAC9MXb3SgaPNyGKXthH5X\neoTw+UCaUU55hlEdxGNt+00VE8hVysuqDVOCY9r7BfsFH7W7AI2gDDqVxXQZQmIf\nPpNsxk4IxGL88p/x3qemCNyD9PxUHqpxCH6lI6gEiqfGN0kyQKFrUabzMQvPVcC/\nObC+9AIRzs9IFfJigy+Hh1fo9pVeHIkuEdSXTj+9S1FWp4ShJpT20qcD2pNt50eJ\nI3lVHamnjzZgIeKTdmNfkC+wC2/Pp5V2Cw16vQBkfl8BS7Gnchp8gC07GzFMvK9e\nKgmGWoT3XF2rcXkMpHFDqulvhgq7CPSy9Oq6LBuVWh3sUYxhd2W5SgjdvblY87UM\n3i/KGTf5SUWFZa89XUdlWnLUSB41rH2FhpAuVMEkvtvq0t7dNRUBxOQkr07El30/\n27R1ZATn+o64Jlpnb+cqMNM6tmrAlNbwLzBpeR0cdD2UVOYsP/mIp4q9+Jwu52xt\n4zYL99ZTjbXAy+tdMI0YJ3FLAWlBGIPoItkKVZ+kK8QjckTAzk0tvFdmTdRwbUY+\naAeF2ea35umM5ko0mFQ8PLFUdQ/NKxBcAmOWsMBZ9DheS6hCkWNpXkgiAnHww66c\nabj5kWHBbJJX2XVRYM9+IBECAwEAAQ==\n-----END PUBLIC KEY-----\n",
            "rsa_bits": 4096
          },
          "sensitive_attributes": [],
          "dependencies": [
            "module.vpc.aws_cloudwatch_log_group.flow_log",
            "module.vpc.aws_customer_gateway.this",
            "module.vpc.aws_db_subnet_group.database",
            "module.vpc.aws_default_network_acl.this",
            "module.vpc.aws_default_route_table.default",
            "module.vpc.aws_default_security_group.this",
            "module.vpc.aws_default_vpc.this",
            "module.vpc.aws_egress_only_internet_gateway.this",
            "module.vpc.aws_eip.nat",
            "module.vpc.aws_elasticache_subnet_group.elasticache",
            "module.vpc.aws_flow_log.this",
            "module.vpc.aws_iam_policy.vpc_flow_log_cloudwatch",
            "module.vpc.aws_iam_role.vpc_flow_log_cloudwatch",
            "module.vpc.aws_iam_role_policy_attachment.vpc_flow_log_cloudwatch",
            "module.vpc.aws_internet_gateway.this",
            "module.vpc.aws_nat_gateway.this",
            "module.vpc.aws_network_acl.database",
            "module.vpc.aws_network_acl.elasticache",
            "module.vpc.aws_network_acl.intra",
            "module.vpc.aws_network_acl.outpost",
            "module.vpc.aws_network_acl.private",
            "module.vpc.aws_network_acl.public",
            "module.vpc.aws_network_acl.redshift",
            "module.vpc.aws_network_acl_rule.database_inbound",
            "module.vpc.aws_network_acl_rule.database_outbound",
            "module.vpc.aws_network_acl_rule.elasticache_inbound",
            "module.vpc.aws_network_acl_rule.elasticache_outbound",
            "module.vpc.aws_network_acl_rule.intra_inbound",
            "module.vpc.aws_network_acl_rule.intra_outbound",
            "module.vpc.aws_network_acl_rule.outpost_inbound",
            "module.vpc.aws_network_acl_rule.outpost_outbound",
            "module.vpc.aws_network_acl_rule.private_inbound",
            "module.vpc.aws_network_acl_rule.private_outbound",
            "module.vpc.aws_network_acl_rule.public_inbound",
            "module.vpc.aws_network_acl_rule.public_outbound",
            "module.vpc.aws_network_acl_rule.redshift_inbound",
            "module.vpc.aws_network_acl_rule.redshift_outbound",
            "module.vpc.aws_redshift_subnet_group.redshift",
            "module.vpc.aws_route.database_internet_gateway",
            "module.vpc.aws_route.database_ipv6_egress",
            "module.vpc.aws_route.database_nat_gateway",
            "module.vpc.aws_route.private_ipv6_egress",
            "module.vpc.aws_route.private_nat_gateway",
            "module.vpc.aws_route.public_internet_gateway",
            "module.vpc.aws_route.public_internet_gateway_ipv6",
            "module.vpc.aws_route_table.database",
            "module.vpc.aws_route_table.elasticache",
            "module.vpc.aws_route_table.intra",
            "module.vpc.aws_route_table.private",
            "module.vpc.aws_route_table.public",
            "module.vpc.aws_route_table.redshift",
            "module.vpc.aws_route_table_association.database",
            "module.vpc.aws_route_table_association.elasticache",
            "module.vpc.aws_route_table_association.intra",
            "module.vpc.aws_route_table_association.outpost",
            "module.vpc.aws_route_table_association.private",
            "module.vpc.aws_route_table_association.public",
            "module.vpc.aws_route_table_association.redshift",
            "module.vpc.aws_route_table_association.redshift_public",
            "module.vpc.aws_subnet.database",
            "module.vpc.aws_subnet.elasticache",
            "module.vpc.aws_subnet.intra",
            "module.vpc.aws_subnet.outpost",
            "module.vpc.aws_subnet.private",
            "module.vpc.aws_subnet.public",
            "module.vpc.aws_subnet.redshift",
            "module.vpc.aws_vpc.this",
            "module.vpc.aws_vpc_dhcp_options.this",
            "module.vpc.aws_vpc_dhcp_options_association.this",
            "module.vpc.aws_vpc_ipv4_cidr_block_association.this",
            "module.vpc.aws_vpn_gateway.this",
            "module.vpc.aws_vpn_gateway_attachment.this",
            "module.vpc.aws_vpn_gateway_route_propagation.intra",
            "module.vpc.aws_vpn_gateway_route_propagation.private",
            "module.vpc.aws_vpn_gateway_route_propagation.public",
            "module.vpc.data.aws_iam_policy_document.flow_log_cloudwatch_assume_role",
            "module.vpc.data.aws_iam_policy_document.vpc_flow_log_cloudwatch"
          ]
        }
      ]
    },
    {
      "module": "module.vpc",
      "mode": "managed",
      "type": "aws_eip",
      "name": "nat",
      "provider": "provider[\"registry.terraform.io/hashicorp/aws\"]",
      "instances": [
        {
          "index_key": 0,
          "schema_version": 0,
          "attributes": {
            "address": null,
            "allocation_id": "eipalloc-01b05272899a4f7ef",
            "associate_with_private_ip": null,
            "association_id": "",
            "carrier_ip": "",
            "customer_owned_ip": "",
            "customer_owned_ipv4_pool": "",
            "domain": "vpc",
            "id": "eipalloc-01b05272899a4f7ef",
            "instance": "",
            "network_border_group": "us-east-1",
            "network_interface": "",
            "private_dns": null,
            "private_ip": "",
            "public_dns": "ec2-52-54-105-153.compute-1.amazonaws.com",
            "public_ip": "52.54.105.153",
            "public_ipv4_pool": "amazon",
            "tags": {
              "Name": "VPC-us-east-1a"
            },
            "tags_all": {
              "Name": "VPC-us-east-1a"
            },
            "timeouts": null,
            "vpc": true
          },
          "sensitive_attributes": [],
          "private": "eyJlMmJmYjczMC1lY2FhLTExZTYtOGY4OC0zNDM2M2JjN2M0YzAiOnsiZGVsZXRlIjoxODAwMDAwMDAwMDAsInJlYWQiOjkwMDAwMDAwMDAwMCwidXBkYXRlIjozMDAwMDAwMDAwMDB9fQ=="
        }
      ]
    },
    {
      "module": "module.vpc",
      "mode": "managed",
      "type": "aws_internet_gateway",
      "name": "this",
      "provider": "provider[\"registry.terraform.io/hashicorp/aws\"]",
      "instances": [
        {
          "index_key": 0,
          "schema_version": 0,
          "attributes": {
            "arn": "arn:aws:ec2:us-east-1:512464434852:internet-gateway/igw-04e36eb3d4948e1dd",
            "id": "igw-04e36eb3d4948e1dd",
            "owner_id": "512464434852",
            "tags": {
              "Name": "VPC"
            },
            "tags_all": {
              "Name": "VPC"
            },
            "vpc_id": "vpc-0aff4b21680f8bcb3"
          },
          "sensitive_attributes": [],
          "private": "bnVsbA==",
          "dependencies": [
            "module.vpc.aws_vpc.this",
            "module.vpc.aws_vpc_ipv4_cidr_block_association.this"
          ]
        }
      ]
    },
    {
      "module": "module.vpc",
      "mode": "managed",
      "type": "aws_nat_gateway",
      "name": "this",
      "provider": "provider[\"registry.terraform.io/hashicorp/aws\"]",
      "instances": [
        {
          "index_key": 0,
          "schema_version": 0,
          "attributes": {
            "allocation_id": "eipalloc-01b05272899a4f7ef",
            "connectivity_type": "public",
            "id": "nat-0fecdd3123695fe84",
            "network_interface_id": "eni-07d9f709ef867a8d6",
            "private_ip": "172.23.5.127",
            "public_ip": "52.54.105.153",
            "subnet_id": "subnet-066989a64c18d7930",
            "tags": {
              "Name": "caldera-test_natgateway"
            },
            "tags_all": {
              "Name": "caldera-test_natgateway"
            }
          },
          "sensitive_attributes": [],
          "private": "bnVsbA==",
          "dependencies": [
            "module.vpc.aws_eip.nat",
            "module.vpc.aws_internet_gateway.this",
            "module.vpc.aws_subnet.public",
            "module.vpc.aws_vpc.this",
            "module.vpc.aws_vpc_ipv4_cidr_block_association.this"
          ]
        }
      ]
    },
    {
      "module": "module.vpc",
      "mode": "managed",
      "type": "aws_route",
      "name": "private_nat_gateway",
      "provider": "provider[\"registry.terraform.io/hashicorp/aws\"]",
      "instances": [
        {
          "index_key": 0,
          "schema_version": 0,
          "attributes": {
            "carrier_gateway_id": "",
            "core_network_arn": "",
            "destination_cidr_block": "0.0.0.0/0",
            "destination_ipv6_cidr_block": "",
            "destination_prefix_list_id": "",
            "egress_only_gateway_id": "",
            "gateway_id": "",
            "id": "r-rtb-0aa65252bf59059fd1080289494",
            "instance_id": "",
            "instance_owner_id": "",
            "local_gateway_id": "",
            "nat_gateway_id": "nat-0fecdd3123695fe84",
            "network_interface_id": "",
            "origin": "CreateRoute",
            "route_table_id": "rtb-0aa65252bf59059fd",
            "state": "active",
            "timeouts": {
              "create": "5m",
              "delete": null,
              "update": null
            },
            "transit_gateway_id": "",
            "vpc_endpoint_id": "",
            "vpc_peering_connection_id": ""
          },
          "sensitive_attributes": [],
          "private": "eyJlMmJmYjczMC1lY2FhLTExZTYtOGY4OC0zNDM2M2JjN2M0YzAiOnsiY3JlYXRlIjozMDAwMDAwMDAwMDAsImRlbGV0ZSI6MzAwMDAwMDAwMDAwLCJ1cGRhdGUiOjEyMDAwMDAwMDAwMH19",
          "dependencies": [
            "module.vpc.aws_eip.nat",
            "module.vpc.aws_internet_gateway.this",
            "module.vpc.aws_nat_gateway.this",
            "module.vpc.aws_route_table.private",
            "module.vpc.aws_subnet.public",
            "module.vpc.aws_vpc.this",
            "module.vpc.aws_vpc_ipv4_cidr_block_association.this"
          ]
        }
      ]
    },
    {
      "module": "module.vpc",
      "mode": "managed",
      "type": "aws_route",
      "name": "public_internet_gateway",
      "provider": "provider[\"registry.terraform.io/hashicorp/aws\"]",
      "instances": [
        {
          "index_key": 0,
          "schema_version": 0,
          "attributes": {
            "carrier_gateway_id": "",
            "core_network_arn": "",
            "destination_cidr_block": "0.0.0.0/0",
            "destination_ipv6_cidr_block": "",
            "destination_prefix_list_id": "",
            "egress_only_gateway_id": "",
            "gateway_id": "igw-04e36eb3d4948e1dd",
            "id": "r-rtb-08c9f3922061d6a921080289494",
            "instance_id": "",
            "instance_owner_id": "",
            "local_gateway_id": "",
            "nat_gateway_id": "",
            "network_interface_id": "",
            "origin": "CreateRoute",
            "route_table_id": "rtb-08c9f3922061d6a92",
            "state": "active",
            "timeouts": {
              "create": "5m",
              "delete": null,
              "update": null
            },
            "transit_gateway_id": "",
            "vpc_endpoint_id": "",
            "vpc_peering_connection_id": ""
          },
          "sensitive_attributes": [],
          "private": "eyJlMmJmYjczMC1lY2FhLTExZTYtOGY4OC0zNDM2M2JjN2M0YzAiOnsiY3JlYXRlIjozMDAwMDAwMDAwMDAsImRlbGV0ZSI6MzAwMDAwMDAwMDAwLCJ1cGRhdGUiOjEyMDAwMDAwMDAwMH19",
          "dependencies": [
            "module.vpc.aws_internet_gateway.this",
            "module.vpc.aws_route_table.public",
            "module.vpc.aws_vpc.this",
            "module.vpc.aws_vpc_ipv4_cidr_block_association.this"
          ]
        }
      ]
    },
    {
      "module": "module.vpc",
      "mode": "managed",
      "type": "aws_route_table",
      "name": "private",
      "provider": "provider[\"registry.terraform.io/hashicorp/aws\"]",
      "instances": [
        {
          "index_key": 0,
          "schema_version": 0,
          "attributes": {
            "arn": "arn:aws:ec2:us-east-1:512464434852:route-table/rtb-0aa65252bf59059fd",
            "id": "rtb-0aa65252bf59059fd",
            "owner_id": "512464434852",
            "propagating_vgws": [],
            "route": [],
            "tags": {
              "Name": "VPC-private"
            },
            "tags_all": {
              "Name": "VPC-private"
            },
            "timeouts": null,
            "vpc_id": "vpc-0aff4b21680f8bcb3"
          },
          "sensitive_attributes": [],
          "private": "eyJlMmJmYjczMC1lY2FhLTExZTYtOGY4OC0zNDM2M2JjN2M0YzAiOnsiY3JlYXRlIjozMDAwMDAwMDAwMDAsImRlbGV0ZSI6MzAwMDAwMDAwMDAwLCJ1cGRhdGUiOjEyMDAwMDAwMDAwMH19",
          "dependencies": [
            "module.vpc.aws_vpc.this",
            "module.vpc.aws_vpc_ipv4_cidr_block_association.this"
          ]
        }
      ]
    },
    {
      "module": "module.vpc",
      "mode": "managed",
      "type": "aws_route_table",
      "name": "public",
      "provider": "provider[\"registry.terraform.io/hashicorp/aws\"]",
      "instances": [
        {
          "index_key": 0,
          "schema_version": 0,
          "attributes": {
            "arn": "arn:aws:ec2:us-east-1:512464434852:route-table/rtb-08c9f3922061d6a92",
            "id": "rtb-08c9f3922061d6a92",
            "owner_id": "512464434852",
            "propagating_vgws": [],
            "route": [],
            "tags": {
              "Name": "VPC-public"
            },
            "tags_all": {
              "Name": "VPC-public"
            },
            "timeouts": null,
            "vpc_id": "vpc-0aff4b21680f8bcb3"
          },
          "sensitive_attributes": [],
          "private": "eyJlMmJmYjczMC1lY2FhLTExZTYtOGY4OC0zNDM2M2JjN2M0YzAiOnsiY3JlYXRlIjozMDAwMDAwMDAwMDAsImRlbGV0ZSI6MzAwMDAwMDAwMDAwLCJ1cGRhdGUiOjEyMDAwMDAwMDAwMH19",
          "dependencies": [
            "module.vpc.aws_vpc.this",
            "module.vpc.aws_vpc_ipv4_cidr_block_association.this"
          ]
        }
      ]
    },
    {
      "module": "module.vpc",
      "mode": "managed",
      "type": "aws_route_table_association",
      "name": "private",
      "provider": "provider[\"registry.terraform.io/hashicorp/aws\"]",
      "instances": [
        {
          "index_key": 0,
          "schema_version": 0,
          "attributes": {
            "gateway_id": "",
            "id": "rtbassoc-006f640e606831a8b",
            "route_table_id": "rtb-0aa65252bf59059fd",
            "subnet_id": "subnet-06a2c53f9cd9691b8"
          },
          "sensitive_attributes": [],
          "private": "bnVsbA==",
          "dependencies": [
            "module.vpc.aws_route_table.private",
            "module.vpc.aws_subnet.private",
            "module.vpc.aws_vpc.this",
            "module.vpc.aws_vpc_ipv4_cidr_block_association.this"
          ]
        },
        {
          "index_key": 1,
          "schema_version": 0,
          "attributes": {
            "gateway_id": "",
            "id": "rtbassoc-0555e62f3e3879329",
            "route_table_id": "rtb-0aa65252bf59059fd",
            "subnet_id": "subnet-0d1d21f709143a346"
          },
          "sensitive_attributes": [],
          "private": "bnVsbA==",
          "dependencies": [
            "module.vpc.aws_route_table.private",
            "module.vpc.aws_subnet.private",
            "module.vpc.aws_vpc.this",
            "module.vpc.aws_vpc_ipv4_cidr_block_association.this"
          ]
        },
        {
          "index_key": 2,
          "schema_version": 0,
          "attributes": {
            "gateway_id": "",
            "id": "rtbassoc-0b31ff11a3b9fdcd0",
            "route_table_id": "rtb-0aa65252bf59059fd",
            "subnet_id": "subnet-07b0c8651f3d672ae"
          },
          "sensitive_attributes": [],
          "private": "bnVsbA==",
          "dependencies": [
            "module.vpc.aws_route_table.private",
            "module.vpc.aws_subnet.private",
            "module.vpc.aws_vpc.this",
            "module.vpc.aws_vpc_ipv4_cidr_block_association.this"
          ]
        },
        {
          "index_key": 3,
          "schema_version": 0,
          "attributes": {
            "gateway_id": "",
            "id": "rtbassoc-01e52e2c10fbd8027",
            "route_table_id": "rtb-0aa65252bf59059fd",
            "subnet_id": "subnet-0f9a5f915ea598312"
          },
          "sensitive_attributes": [],
          "private": "bnVsbA==",
          "dependencies": [
            "module.vpc.aws_route_table.private",
            "module.vpc.aws_subnet.private",
            "module.vpc.aws_vpc.this",
            "module.vpc.aws_vpc_ipv4_cidr_block_association.this"
          ]
        },
        {
          "index_key": 4,
          "schema_version": 0,
          "attributes": {
            "gateway_id": "",
            "id": "rtbassoc-0b2794e8e3905e7d4",
            "route_table_id": "rtb-0aa65252bf59059fd",
            "subnet_id": "subnet-092a121a2a5fb131d"
          },
          "sensitive_attributes": [],
          "private": "bnVsbA==",
          "dependencies": [
            "module.vpc.aws_route_table.private",
            "module.vpc.aws_subnet.private",
            "module.vpc.aws_vpc.this",
            "module.vpc.aws_vpc_ipv4_cidr_block_association.this"
          ]
        }
      ]
    },
    {
      "module": "module.vpc",
      "mode": "managed",
      "type": "aws_route_table_association",
      "name": "public",
      "provider": "provider[\"registry.terraform.io/hashicorp/aws\"]",
      "instances": [
        {
          "index_key": 0,
          "schema_version": 0,
          "attributes": {
            "gateway_id": "",
            "id": "rtbassoc-05d764ee6f6f85473",
            "route_table_id": "rtb-08c9f3922061d6a92",
            "subnet_id": "subnet-066989a64c18d7930"
          },
          "sensitive_attributes": [],
          "private": "bnVsbA==",
          "dependencies": [
            "module.vpc.aws_route_table.public",
            "module.vpc.aws_subnet.public",
            "module.vpc.aws_vpc.this",
            "module.vpc.aws_vpc_ipv4_cidr_block_association.this"
          ]
        },
        {
          "index_key": 1,
          "schema_version": 0,
          "attributes": {
            "gateway_id": "",
            "id": "rtbassoc-07008d888f15e6e2f",
            "route_table_id": "rtb-08c9f3922061d6a92",
            "subnet_id": "subnet-0678a9395ba298545"
          },
          "sensitive_attributes": [],
          "private": "bnVsbA==",
          "dependencies": [
            "module.vpc.aws_route_table.public",
            "module.vpc.aws_subnet.public",
            "module.vpc.aws_vpc.this",
            "module.vpc.aws_vpc_ipv4_cidr_block_association.this"
          ]
        },
        {
          "index_key": 2,
          "schema_version": 0,
          "attributes": {
            "gateway_id": "",
            "id": "rtbassoc-0788cc850e5693612",
            "route_table_id": "rtb-08c9f3922061d6a92",
            "subnet_id": "subnet-09c2eb24e1434dd52"
          },
          "sensitive_attributes": [],
          "private": "bnVsbA==",
          "dependencies": [
            "module.vpc.aws_route_table.public",
            "module.vpc.aws_subnet.public",
            "module.vpc.aws_vpc.this",
            "module.vpc.aws_vpc_ipv4_cidr_block_association.this"
          ]
        },
        {
          "index_key": 3,
          "schema_version": 0,
          "attributes": {
            "gateway_id": "",
            "id": "rtbassoc-0c5f87b14be0cb041",
            "route_table_id": "rtb-08c9f3922061d6a92",
            "subnet_id": "subnet-0e691b200f95f2079"
          },
          "sensitive_attributes": [],
          "private": "bnVsbA==",
          "dependencies": [
            "module.vpc.aws_route_table.public",
            "module.vpc.aws_subnet.public",
            "module.vpc.aws_vpc.this",
            "module.vpc.aws_vpc_ipv4_cidr_block_association.this"
          ]
        },
        {
          "index_key": 4,
          "schema_version": 0,
          "attributes": {
            "gateway_id": "",
            "id": "rtbassoc-06d5ec29b2435a6d4",
            "route_table_id": "rtb-08c9f3922061d6a92",
            "subnet_id": "subnet-035f771a6b7a5c3d6"
          },
          "sensitive_attributes": [],
          "private": "bnVsbA==",
          "dependencies": [
            "module.vpc.aws_route_table.public",
            "module.vpc.aws_subnet.public",
            "module.vpc.aws_vpc.this",
            "module.vpc.aws_vpc_ipv4_cidr_block_association.this"
          ]
        }
      ]
    },
    {
      "module": "module.vpc",
      "mode": "managed",
      "type": "aws_subnet",
      "name": "private",
      "provider": "provider[\"registry.terraform.io/hashicorp/aws\"]",
      "instances": [
        {
          "index_key": 0,
          "schema_version": 1,
          "attributes": {
            "arn": "arn:aws:ec2:us-east-1:512464434852:subnet/subnet-06a2c53f9cd9691b8",
            "assign_ipv6_address_on_creation": false,
            "availability_zone": "us-east-1a",
            "availability_zone_id": "use1-az6",
            "cidr_block": "172.23.0.0/22",
            "customer_owned_ipv4_pool": "",
            "enable_dns64": false,
            "enable_resource_name_dns_a_record_on_launch": false,
            "enable_resource_name_dns_aaaa_record_on_launch": false,
            "id": "subnet-06a2c53f9cd9691b8",
            "ipv6_cidr_block": "",
            "ipv6_cidr_block_association_id": "",
            "ipv6_native": false,
            "map_customer_owned_ip_on_launch": false,
            "map_public_ip_on_launch": false,
            "outpost_arn": "",
            "owner_id": "512464434852",
            "private_dns_hostname_type_on_launch": "ip-name",
            "tags": {
              "Name": "caldera-test_private"
            },
            "tags_all": {
              "Name": "caldera-test_private"
            },
            "timeouts": null,
            "vpc_id": "vpc-0aff4b21680f8bcb3"
          },
          "sensitive_attributes": [],
          "private": "eyJlMmJmYjczMC1lY2FhLTExZTYtOGY4OC0zNDM2M2JjN2M0YzAiOnsiY3JlYXRlIjo2MDAwMDAwMDAwMDAsImRlbGV0ZSI6MTIwMDAwMDAwMDAwMH0sInNjaGVtYV92ZXJzaW9uIjoiMSJ9",
          "dependencies": [
            "module.vpc.aws_vpc.this",
            "module.vpc.aws_vpc_ipv4_cidr_block_association.this"
          ]
        },
        {
          "index_key": 1,
          "schema_version": 1,
          "attributes": {
            "arn": "arn:aws:ec2:us-east-1:512464434852:subnet/subnet-0d1d21f709143a346",
            "assign_ipv6_address_on_creation": false,
            "availability_zone": "us-east-1b",
            "availability_zone_id": "use1-az1",
            "cidr_block": "172.23.32.0/22",
            "customer_owned_ipv4_pool": "",
            "enable_dns64": false,
            "enable_resource_name_dns_a_record_on_launch": false,
            "enable_resource_name_dns_aaaa_record_on_launch": false,
            "id": "subnet-0d1d21f709143a346",
            "ipv6_cidr_block": "",
            "ipv6_cidr_block_association_id": "",
            "ipv6_native": false,
            "map_customer_owned_ip_on_launch": false,
            "map_public_ip_on_launch": false,
            "outpost_arn": "",
            "owner_id": "512464434852",
            "private_dns_hostname_type_on_launch": "ip-name",
            "tags": {
              "Name": "caldera-test_private"
            },
            "tags_all": {
              "Name": "caldera-test_private"
            },
            "timeouts": null,
            "vpc_id": "vpc-0aff4b21680f8bcb3"
          },
          "sensitive_attributes": [],
          "private": "eyJlMmJmYjczMC1lY2FhLTExZTYtOGY4OC0zNDM2M2JjN2M0YzAiOnsiY3JlYXRlIjo2MDAwMDAwMDAwMDAsImRlbGV0ZSI6MTIwMDAwMDAwMDAwMH0sInNjaGVtYV92ZXJzaW9uIjoiMSJ9",
          "dependencies": [
            "module.vpc.aws_vpc.this",
            "module.vpc.aws_vpc_ipv4_cidr_block_association.this"
          ]
        },
        {
          "index_key": 2,
          "schema_version": 1,
          "attributes": {
            "arn": "arn:aws:ec2:us-east-1:512464434852:subnet/subnet-07b0c8651f3d672ae",
            "assign_ipv6_address_on_creation": false,
            "availability_zone": "us-east-1c",
            "availability_zone_id": "use1-az2",
            "cidr_block": "172.23.64.0/22",
            "customer_owned_ipv4_pool": "",
            "enable_dns64": false,
            "enable_resource_name_dns_a_record_on_launch": false,
            "enable_resource_name_dns_aaaa_record_on_launch": false,
            "id": "subnet-07b0c8651f3d672ae",
            "ipv6_cidr_block": "",
            "ipv6_cidr_block_association_id": "",
            "ipv6_native": false,
            "map_customer_owned_ip_on_launch": false,
            "map_public_ip_on_launch": false,
            "outpost_arn": "",
            "owner_id": "512464434852",
            "private_dns_hostname_type_on_launch": "ip-name",
            "tags": {
              "Name": "caldera-test_private"
            },
            "tags_all": {
              "Name": "caldera-test_private"
            },
            "timeouts": null,
            "vpc_id": "vpc-0aff4b21680f8bcb3"
          },
          "sensitive_attributes": [],
          "private": "eyJlMmJmYjczMC1lY2FhLTExZTYtOGY4OC0zNDM2M2JjN2M0YzAiOnsiY3JlYXRlIjo2MDAwMDAwMDAwMDAsImRlbGV0ZSI6MTIwMDAwMDAwMDAwMH0sInNjaGVtYV92ZXJzaW9uIjoiMSJ9",
          "dependencies": [
            "module.vpc.aws_vpc.this",
            "module.vpc.aws_vpc_ipv4_cidr_block_association.this"
          ]
        },
        {
          "index_key": 3,
          "schema_version": 1,
          "attributes": {
            "arn": "arn:aws:ec2:us-east-1:512464434852:subnet/subnet-0f9a5f915ea598312",
            "assign_ipv6_address_on_creation": false,
            "availability_zone": "us-east-1d",
            "availability_zone_id": "use1-az4",
            "cidr_block": "172.23.96.0/22",
            "customer_owned_ipv4_pool": "",
            "enable_dns64": false,
            "enable_resource_name_dns_a_record_on_launch": false,
            "enable_resource_name_dns_aaaa_record_on_launch": false,
            "id": "subnet-0f9a5f915ea598312",
            "ipv6_cidr_block": "",
            "ipv6_cidr_block_association_id": "",
            "ipv6_native": false,
            "map_customer_owned_ip_on_launch": false,
            "map_public_ip_on_launch": false,
            "outpost_arn": "",
            "owner_id": "512464434852",
            "private_dns_hostname_type_on_launch": "ip-name",
            "tags": {
              "Name": "caldera-test_private"
            },
            "tags_all": {
              "Name": "caldera-test_private"
            },
            "timeouts": null,
            "vpc_id": "vpc-0aff4b21680f8bcb3"
          },
          "sensitive_attributes": [],
          "private": "eyJlMmJmYjczMC1lY2FhLTExZTYtOGY4OC0zNDM2M2JjN2M0YzAiOnsiY3JlYXRlIjo2MDAwMDAwMDAwMDAsImRlbGV0ZSI6MTIwMDAwMDAwMDAwMH0sInNjaGVtYV92ZXJzaW9uIjoiMSJ9",
          "dependencies": [
            "module.vpc.aws_vpc.this",
            "module.vpc.aws_vpc_ipv4_cidr_block_association.this"
          ]
        },
        {
          "index_key": 4,
          "schema_version": 1,
          "attributes": {
            "arn": "arn:aws:ec2:us-east-1:512464434852:subnet/subnet-092a121a2a5fb131d",
            "assign_ipv6_address_on_creation": false,
            "availability_zone": "us-east-1f",
            "availability_zone_id": "use1-az5",
            "cidr_block": "172.23.160.0/22",
            "customer_owned_ipv4_pool": "",
            "enable_dns64": false,
            "enable_resource_name_dns_a_record_on_launch": false,
            "enable_resource_name_dns_aaaa_record_on_launch": false,
            "id": "subnet-092a121a2a5fb131d",
            "ipv6_cidr_block": "",
            "ipv6_cidr_block_association_id": "",
            "ipv6_native": false,
            "map_customer_owned_ip_on_launch": false,
            "map_public_ip_on_launch": false,
            "outpost_arn": "",
            "owner_id": "512464434852",
            "private_dns_hostname_type_on_launch": "ip-name",
            "tags": {
              "Name": "caldera-test_private"
            },
            "tags_all": {
              "Name": "caldera-test_private"
            },
            "timeouts": null,
            "vpc_id": "vpc-0aff4b21680f8bcb3"
          },
          "sensitive_attributes": [],
          "private": "eyJlMmJmYjczMC1lY2FhLTExZTYtOGY4OC0zNDM2M2JjN2M0YzAiOnsiY3JlYXRlIjo2MDAwMDAwMDAwMDAsImRlbGV0ZSI6MTIwMDAwMDAwMDAwMH0sInNjaGVtYV92ZXJzaW9uIjoiMSJ9",
          "dependencies": [
            "module.vpc.aws_vpc.this",
            "module.vpc.aws_vpc_ipv4_cidr_block_association.this"
          ]
        }
      ]
    },
    {
      "module": "module.vpc",
      "mode": "managed",
      "type": "aws_subnet",
      "name": "public",
      "provider": "provider[\"registry.terraform.io/hashicorp/aws\"]",
      "instances": [
        {
          "index_key": 0,
          "schema_version": 1,
          "attributes": {
            "arn": "arn:aws:ec2:us-east-1:512464434852:subnet/subnet-066989a64c18d7930",
            "assign_ipv6_address_on_creation": false,
            "availability_zone": "us-east-1a",
            "availability_zone_id": "use1-az6",
            "cidr_block": "172.23.4.0/22",
            "customer_owned_ipv4_pool": "",
            "enable_dns64": false,
            "enable_resource_name_dns_a_record_on_launch": false,
            "enable_resource_name_dns_aaaa_record_on_launch": false,
            "id": "subnet-066989a64c18d7930",
            "ipv6_cidr_block": "",
            "ipv6_cidr_block_association_id": "",
            "ipv6_native": false,
            "map_customer_owned_ip_on_launch": false,
            "map_public_ip_on_launch": true,
            "outpost_arn": "",
            "owner_id": "512464434852",
            "private_dns_hostname_type_on_launch": "ip-name",
            "tags": {
              "Name": "caldera-test_public"
            },
            "tags_all": {
              "Name": "caldera-test_public"
            },
            "timeouts": null,
            "vpc_id": "vpc-0aff4b21680f8bcb3"
          },
          "sensitive_attributes": [],
          "private": "eyJlMmJmYjczMC1lY2FhLTExZTYtOGY4OC0zNDM2M2JjN2M0YzAiOnsiY3JlYXRlIjo2MDAwMDAwMDAwMDAsImRlbGV0ZSI6MTIwMDAwMDAwMDAwMH0sInNjaGVtYV92ZXJzaW9uIjoiMSJ9",
          "dependencies": [
            "module.vpc.aws_vpc.this",
            "module.vpc.aws_vpc_ipv4_cidr_block_association.this"
          ]
        },
        {
          "index_key": 1,
          "schema_version": 1,
          "attributes": {
            "arn": "arn:aws:ec2:us-east-1:512464434852:subnet/subnet-0678a9395ba298545",
            "assign_ipv6_address_on_creation": false,
            "availability_zone": "us-east-1b",
            "availability_zone_id": "use1-az1",
            "cidr_block": "172.23.36.0/22",
            "customer_owned_ipv4_pool": "",
            "enable_dns64": false,
            "enable_resource_name_dns_a_record_on_launch": false,
            "enable_resource_name_dns_aaaa_record_on_launch": false,
            "id": "subnet-0678a9395ba298545",
            "ipv6_cidr_block": "",
            "ipv6_cidr_block_association_id": "",
            "ipv6_native": false,
            "map_customer_owned_ip_on_launch": false,
            "map_public_ip_on_launch": true,
            "outpost_arn": "",
            "owner_id": "512464434852",
            "private_dns_hostname_type_on_launch": "ip-name",
            "tags": {
              "Name": "caldera-test_public"
            },
            "tags_all": {
              "Name": "caldera-test_public"
            },
            "timeouts": null,
            "vpc_id": "vpc-0aff4b21680f8bcb3"
          },
          "sensitive_attributes": [],
          "private": "eyJlMmJmYjczMC1lY2FhLTExZTYtOGY4OC0zNDM2M2JjN2M0YzAiOnsiY3JlYXRlIjo2MDAwMDAwMDAwMDAsImRlbGV0ZSI6MTIwMDAwMDAwMDAwMH0sInNjaGVtYV92ZXJzaW9uIjoiMSJ9",
          "dependencies": [
            "module.vpc.aws_vpc.this",
            "module.vpc.aws_vpc_ipv4_cidr_block_association.this"
          ]
        },
        {
          "index_key": 2,
          "schema_version": 1,
          "attributes": {
            "arn": "arn:aws:ec2:us-east-1:512464434852:subnet/subnet-09c2eb24e1434dd52",
            "assign_ipv6_address_on_creation": false,
            "availability_zone": "us-east-1c",
            "availability_zone_id": "use1-az2",
            "cidr_block": "172.23.68.0/22",
            "customer_owned_ipv4_pool": "",
            "enable_dns64": false,
            "enable_resource_name_dns_a_record_on_launch": false,
            "enable_resource_name_dns_aaaa_record_on_launch": false,
            "id": "subnet-09c2eb24e1434dd52",
            "ipv6_cidr_block": "",
            "ipv6_cidr_block_association_id": "",
            "ipv6_native": false,
            "map_customer_owned_ip_on_launch": false,
            "map_public_ip_on_launch": true,
            "outpost_arn": "",
            "owner_id": "512464434852",
            "private_dns_hostname_type_on_launch": "ip-name",
            "tags": {
              "Name": "caldera-test_public"
            },
            "tags_all": {
              "Name": "caldera-test_public"
            },
            "timeouts": null,
            "vpc_id": "vpc-0aff4b21680f8bcb3"
          },
          "sensitive_attributes": [],
          "private": "eyJlMmJmYjczMC1lY2FhLTExZTYtOGY4OC0zNDM2M2JjN2M0YzAiOnsiY3JlYXRlIjo2MDAwMDAwMDAwMDAsImRlbGV0ZSI6MTIwMDAwMDAwMDAwMH0sInNjaGVtYV92ZXJzaW9uIjoiMSJ9",
          "dependencies": [
            "module.vpc.aws_vpc.this",
            "module.vpc.aws_vpc_ipv4_cidr_block_association.this"
          ]
        },
        {
          "index_key": 3,
          "schema_version": 1,
          "attributes": {
            "arn": "arn:aws:ec2:us-east-1:512464434852:subnet/subnet-0e691b200f95f2079",
            "assign_ipv6_address_on_creation": false,
            "availability_zone": "us-east-1d",
            "availability_zone_id": "use1-az4",
            "cidr_block": "172.23.100.0/22",
            "customer_owned_ipv4_pool": "",
            "enable_dns64": false,
            "enable_resource_name_dns_a_record_on_launch": false,
            "enable_resource_name_dns_aaaa_record_on_launch": false,
            "id": "subnet-0e691b200f95f2079",
            "ipv6_cidr_block": "",
            "ipv6_cidr_block_association_id": "",
            "ipv6_native": false,
            "map_customer_owned_ip_on_launch": false,
            "map_public_ip_on_launch": true,
            "outpost_arn": "",
            "owner_id": "512464434852",
            "private_dns_hostname_type_on_launch": "ip-name",
            "tags": {
              "Name": "caldera-test_public"
            },
            "tags_all": {
              "Name": "caldera-test_public"
            },
            "timeouts": null,
            "vpc_id": "vpc-0aff4b21680f8bcb3"
          },
          "sensitive_attributes": [],
          "private": "eyJlMmJmYjczMC1lY2FhLTExZTYtOGY4OC0zNDM2M2JjN2M0YzAiOnsiY3JlYXRlIjo2MDAwMDAwMDAwMDAsImRlbGV0ZSI6MTIwMDAwMDAwMDAwMH0sInNjaGVtYV92ZXJzaW9uIjoiMSJ9",
          "dependencies": [
            "module.vpc.aws_vpc.this",
            "module.vpc.aws_vpc_ipv4_cidr_block_association.this"
          ]
        },
        {
          "index_key": 4,
          "schema_version": 1,
          "attributes": {
            "arn": "arn:aws:ec2:us-east-1:512464434852:subnet/subnet-035f771a6b7a5c3d6",
            "assign_ipv6_address_on_creation": false,
            "availability_zone": "us-east-1f",
            "availability_zone_id": "use1-az5",
            "cidr_block": "172.23.164.0/22",
            "customer_owned_ipv4_pool": "",
            "enable_dns64": false,
            "enable_resource_name_dns_a_record_on_launch": false,
            "enable_resource_name_dns_aaaa_record_on_launch": false,
            "id": "subnet-035f771a6b7a5c3d6",
            "ipv6_cidr_block": "",
            "ipv6_cidr_block_association_id": "",
            "ipv6_native": false,
            "map_customer_owned_ip_on_launch": false,
            "map_public_ip_on_launch": true,
            "outpost_arn": "",
            "owner_id": "512464434852",
            "private_dns_hostname_type_on_launch": "ip-name",
            "tags": {
              "Name": "caldera-test_public"
            },
            "tags_all": {
              "Name": "caldera-test_public"
            },
            "timeouts": null,
            "vpc_id": "vpc-0aff4b21680f8bcb3"
          },
          "sensitive_attributes": [],
          "private": "eyJlMmJmYjczMC1lY2FhLTExZTYtOGY4OC0zNDM2M2JjN2M0YzAiOnsiY3JlYXRlIjo2MDAwMDAwMDAwMDAsImRlbGV0ZSI6MTIwMDAwMDAwMDAwMH0sInNjaGVtYV92ZXJzaW9uIjoiMSJ9",
          "dependencies": [
            "module.vpc.aws_vpc.this",
            "module.vpc.aws_vpc_ipv4_cidr_block_association.this"
          ]
        }
      ]
    },
    {
      "module": "module.vpc",
      "mode": "managed",
      "type": "aws_vpc",
      "name": "this",
      "provider": "provider[\"registry.terraform.io/hashicorp/aws\"]",
      "instances": [
        {
          "index_key": 0,
          "schema_version": 1,
          "attributes": {
            "arn": "arn:aws:ec2:us-east-1:512464434852:vpc/vpc-0aff4b21680f8bcb3",
            "assign_generated_ipv6_cidr_block": false,
            "cidr_block": "172.23.0.0/16",
            "default_network_acl_id": "acl-012d7b1c7e1e90224",
            "default_route_table_id": "rtb-0b9b206d2b45056c9",
            "default_security_group_id": "sg-0760d044451d33f2f",
            "dhcp_options_id": "dopt-01388de767b54ffda",
            "enable_classiclink": false,
            "enable_classiclink_dns_support": false,
            "enable_dns_hostnames": true,
            "enable_dns_support": true,
            "id": "vpc-0aff4b21680f8bcb3",
            "instance_tenancy": "default",
            "ipv4_ipam_pool_id": null,
            "ipv4_netmask_length": null,
            "ipv6_association_id": "",
            "ipv6_cidr_block": "",
            "ipv6_cidr_block_network_border_group": "",
            "ipv6_ipam_pool_id": "",
            "ipv6_netmask_length": 0,
            "main_route_table_id": "rtb-0b9b206d2b45056c9",
            "owner_id": "512464434852",
            "tags": {
              "Name": "VPC"
            },
            "tags_all": {
              "Name": "VPC"
            }
          },
          "sensitive_attributes": [],
          "private": "eyJzY2hlbWFfdmVyc2lvbiI6IjEifQ=="
        }
      ]
    }
  ]
}
