{
  "version": 4,
  "terraform_version": "1.2.4",
  "serial": 33,
  "lineage": "f0cb8c15-ae42-c135-d27a-d3fa66fa0b60",
  "outputs": {
    "caldera_server_id": {
      "value": "i-06cb45ae9d362485e",
      "type": "string"
    },
    "caldera_server_ip": {
      "value": "3.87.245.109",
      "type": "string"
    },
    "rsa_private_key": {
      "value": "-----BEGIN RSA PRIVATE KEY-----\nMIIJKgIBAAKCAgEAz7IuQgyto57r4HERkYuURplGrgd5pnzk8e2vQnPSGQnq9hma\nbFFX3Q3avNFCl2unRpnMuo9DQ2a6UAjEytiJGFEv0jy/SA0uFufIo6xtK+vK7YJj\nxO/LyYd66RFzoRSVmwwiLnoh6QznbHXY0ewzmM/Ftla0EIVnE4vnyd1Kt29kkm7O\nb0zOsDZ35XBx5bXMJTSEyfnT3VTYOOJIXBeV5nSBvpauI88RWzTYTevyC4nr1nWk\nrv9Z7TtIaUzuwa6x1yxsqWzNHcS/o8Lb54yvVBL1eY3PxiuAnsor6PM4tcQ9V3D2\nqkIhFt3y4Ob0WKtsE7g7aCmdNBAckCvOQd4CGI0+phMGfuEs4GG1EM41e8kn7yWf\nRSLXMqSgvgCD0R7hPOUwQftotUhwQahU3jNqXUKQNMnGo1qwftJNIW1rjrwB9woU\nm7a1jJmvD8v1Sq7ZfRCXbjNq/yzq0BFQKq9GdI9NPCmLXyLCMw6OS651WwPYFX/Q\nv0+9kF0T/ZmFfb2lOlkj+okrxdTWDyjhJ8SrrKW7Ho8IHLCx6GtZIImsU6d1/Nc2\nfaqlQa4oTxdLziLgi5hCF3NPctAviNf5AuVQXqvcKxNvf7R1CnQXsXcjsjcYYk+E\nFASxo7wHbwHvD9yN+8KcbFStXSFaoUPbgR/FCJy9n+WSIrnpSmvOrnhYfosCAwEA\nAQKCAgAwUrSQiYKc3wziW2xLAL6u7lqTgwm6wrRB1ZtBStFHIheYyrwzF3np5J9P\n7yAfOtzggEgx38M2m2Ad3uxqhZbgIYOO1rNqgCaJDcSQ0D1WSrYcLIop9+DiMrNW\nJslQYQmt2VTam2/oWSg/A+w+a0ZV94F4uxOKBH/G/HYhcWtA4pnzt/Qv0R8FwKaE\nq3TUjUfCIEYE+CtjA6qLEZrkUlh+Ff1Z6pT5n+PZ5KGu/4aBSMWmUBjQ3nh9yZ0/\nYrbqOUsHVT6y7K2Mj4pG/79KUGE6nm6eqW/+G4EBcOhmerBnGhFrlszNMDWirGEm\nEpYnSzsKG4M26Pe6dUUwBgEnMhAqWtHb6psyNP4XWfqmGUIyu4K07Joae4Bi2cBe\nVoNFVpqH3mlXRIv6CGVGwixSy9MPkGsndhGpIHrtEX/0nuJUi0EFHQFRYnVxq8Cg\nV+zuSXzL04S2FBSoSvk6Whm3iSJ/UeNrKTNO64JUjgph2E87G6G55ntEkcMISqOo\nDiKcKtuKfM/U5ojGUi9x8QDOUOu8hyncGtzEzZFPjHSvNhUMoZXwgEGbexh/C2TU\n+68styftV+Ak+AgB1NASjir2wDfaEQKkCYtlMPdNTtyQLjZn3ukv72mIOqW3RQUk\n4eOY70Gm4WmhlCHlkIqu4Q8DyOEenoLr47r9ApmlClB9jUPTgQKCAQEA3fGjiaLm\nAoObtJELbNTE3kdW7zy+mg1YCuI3y0KVde4TU2MhDQDlfwVYaFmTzBVRJsSEH17L\nUFAJftnlIRSPmWpLUPAznWdl5uOF7T9TaFNDhTVHfooGik3FYbWaHYsg6hGi6nGH\njMup976gt002RrpMqtS1wuqGTBHB2sktInFqgtd4162ibZ4KTJ4xJ8bbgIp1qjGb\nOIRhO8Iffp/7ilqU6cuBDWbwy1/Gj/Dp1ZLYbipG2O+0B1X6zb7C/Ug6m+iFwXQo\n3b04CYo4GBytB5TDb2IuH5I25qQe5BHyw6IFqY6w1VbFn7wgROG821fIifKgHYe8\nCC+b6vq4Dhm6rwKCAQEA75Db6fmLKq1b6Ud6b3nDlNNstOx646uG40sl7LLuZhB3\n26coODkYPgM8ZhMdaAotoNqZz9wsFZdMjg95Burzn/J1wz3z/UDrT+cA/v3abMBt\nYkZSWEqaFdQFQe+xBmpUG+tURDsD7chUs3AKA37aJaouxZYK8W5nllCgcxKjp24D\niqRRgKRV/Uiavu9uqNAs92qgwX++z6Wm69M/uII5pctSEJKL2M+9nSTvIoz71a/w\n85qwOxARCY58ElP0gOcyJpJRkrrj7ZwuuEnL7UnOS/h99XanxbpjyeWy2kvfzYdk\nc5JiFSxBPJQJh3kDh8T3A3SYhIAL8HjQjVxKzROA5QKCAQEAxPtQADp6FkUkjtAk\n6cS1rep3OAIb0LKDL7Wze01vRam1sU7L6LSg+2mNG6BVUs6gpd3IvebuYCuJIfLW\nL9QF103F5uIpjUxV3uSU2wpXRsKPrMyq1Z4/S8TWqG/7hrkSz2wzwgxdGBMymVWx\nYr6+q2tx3DTJ1WM9KoqgGURwMJ+kvtfqwtGy1cNstK+6ROlzq9Q3toQsla64dcdH\nGKV5JURb4lzh/zkcAgTRQLO7dfjM6onPM38bs18WKEFk4lOW4QUwoZAtLRBhieYI\n/y2ETLQ1+MeU1CR7YZzMZfOgGQ3WJLUmMVLAN5NKuJf5fFue+wBCJ7NuqX1HzvgT\nH0CqtQKCAQEA46U/lEJxIAjEQhSOH8gRNicCMZpV3GpuLyaFzzrol0wm2S8qZOK8\nSpFAn66iTu79FNElQAP0UEAJmyTQ2OYCw4beqL0CUTGTacYViDkpihYA21X/ga7C\nZOOoa1OdYH9BlZY16PA7d4TaF/jrSw8LtKbW8yL1Gx7SiF/tV+vqX3uHGgOy/w8q\nNxj7E1zqRrgrQqCsSbNeWmsLByUic+4rYYSnYuAey9P8Vot2Qdq+o/wgdxwTQsyt\no+slszTcLnGDkmuP4GJ/nJbBPpXBlqZ/xmlHKC2sl5Pap0wCfLWE4gU6Syha08vN\n4ga6V2WDGUztfPcaxy32KnhjlTCSU/WokQKCAQEAwX4DLtimHWtVmCLLnQN1giC5\nNmVFKlfTWgt+Uwr1yVyxIwcDJ453tRneTOXd+/+pjZoRXChN+4eXMjV8KQWyJrlE\nQFGNBYbELmHwdzYpdRCWzbRf8hx4LmYvOUP8LnM2w0qvhEEYteYw2kRV09c53jah\nWoJEBQNI7jdQDMoP6mm+9hkOLEJzpVfnoKK6OZ5piJYQ5LwBxhK3GpmXVoL1ZSyQ\nOg6juyybausgU/d0yvC+sg9fDWC7kHIhoVy6K7xUXIZSXUfyfCrYxjikQHOZfxUo\nsSQEvJPWbw//9aEiTwGSeI6kzP1KVO+Xi0y03BqwRG7ehiMKHnLrUJRG+qMBmw==\n-----END RSA PRIVATE KEY-----\n",
      "type": "string"
    }
  },
  "resources": [
    {
      "mode": "managed",
      "type": "aws_instance",
      "name": "caldera_server",
      "provider": "provider[\"registry.terraform.io/hashicorp/aws\"]",
      "instances": [
        {
          "schema_version": 1,
          "attributes": {
            "ami": "ami-09d56f8956ab235b3",
            "arn": "arn:aws:ec2:us-east-1:928095984044:instance/i-06cb45ae9d362485e",
            "associate_public_ip_address": true,
            "availability_zone": "us-east-1a",
            "capacity_reservation_specification": [
              {
                "capacity_reservation_preference": "open",
                "capacity_reservation_target": []
              }
            ],
            "cpu_core_count": 1,
            "cpu_threads_per_core": 2,
            "credit_specification": [
              {
                "cpu_credits": "unlimited"
              }
            ],
            "disable_api_stop": false,
            "disable_api_termination": false,
            "ebs_block_device": [],
            "ebs_optimized": false,
            "enclave_options": [
              {
                "enabled": false
              }
            ],
            "ephemeral_block_device": [],
            "get_password_data": false,
            "hibernation": false,
            "host_id": null,
            "host_resource_group_arn": null,
            "iam_instance_profile": "",
            "id": "i-06cb45ae9d362485e",
            "instance_initiated_shutdown_behavior": "stop",
            "instance_state": "running",
            "instance_type": "t3.medium",
            "ipv6_address_count": 0,
            "ipv6_addresses": [],
            "key_name": "caldera-nodes",
            "launch_template": [],
            "maintenance_options": [
              {
                "auto_recovery": "default"
              }
            ],
            "metadata_options": [
              {
                "http_endpoint": "enabled",
                "http_put_response_hop_limit": 1,
                "http_tokens": "optional",
                "instance_metadata_tags": "disabled"
              }
            ],
            "monitoring": false,
            "network_interface": [],
            "outpost_arn": "",
            "password_data": "",
            "placement_group": "",
            "placement_partition_number": null,
            "primary_network_interface_id": "eni-0f800160dae1cbf4f",
            "private_dns": "ip-172-23-4-95.ec2.internal",
            "private_dns_name_options": [
              {
                "enable_resource_name_dns_a_record": false,
                "enable_resource_name_dns_aaaa_record": false,
                "hostname_type": "ip-name"
              }
            ],
            "private_ip": "172.23.4.95",
            "public_dns": "ec2-3-87-245-109.compute-1.amazonaws.com",
            "public_ip": "3.87.245.109",
            "root_block_device": [
              {
                "delete_on_termination": true,
                "device_name": "/dev/sda1",
                "encrypted": false,
                "iops": 100,
                "kms_key_id": "",
                "tags": {},
                "throughput": 0,
                "volume_id": "vol-02ee6fe6460247638",
                "volume_size": 8,
                "volume_type": "gp2"
              }
            ],
            "secondary_private_ips": [],
            "security_groups": [],
            "source_dest_check": true,
            "subnet_id": "subnet-02503aa204776909c",
            "tags": {
              "Name": "caldera_server",
              "environment": "caldera-test"
            },
            "tags_all": {
              "Name": "caldera_server",
              "environment": "caldera-test"
            },
            "tenancy": "default",
            "timeouts": null,
            "user_data": null,
            "user_data_base64": null,
            "user_data_replace_on_change": false,
            "volume_tags": null,
            "vpc_security_group_ids": [
              "sg-0a7a780eafb42e30f"
            ]
          },
          "sensitive_attributes": [],
          "private": "eyJlMmJmYjczMC1lY2FhLTExZTYtOGY4OC0zNDM2M2JjN2M0YzAiOnsiY3JlYXRlIjo2MDAwMDAwMDAwMDAsImRlbGV0ZSI6MTIwMDAwMDAwMDAwMCwidXBkYXRlIjo2MDAwMDAwMDAwMDB9LCJzY2hlbWFfdmVyc2lvbiI6IjEifQ==",
          "dependencies": [
            "aws_security_group.sg_caldera_server",
            "module.aws_rsa_key.aws_key_pair.worker",
            "module.aws_rsa_key.local_file.ssh_local",
            "module.aws_rsa_key.tls_private_key.ssh_key",
            "module.vpc.aws_cloudwatch_log_group.flow_log",
            "module.vpc.aws_customer_gateway.this",
            "module.vpc.aws_db_subnet_group.database",
            "module.vpc.aws_default_network_acl.this",
            "module.vpc.aws_default_route_table.default",
            "module.vpc.aws_default_security_group.this",
            "module.vpc.aws_default_vpc.this",
            "module.vpc.aws_egress_only_internet_gateway.this",
            "module.vpc.aws_eip.nat",
            "module.vpc.aws_elasticache_subnet_group.elasticache",
            "module.vpc.aws_flow_log.this",
            "module.vpc.aws_iam_policy.vpc_flow_log_cloudwatch",
            "module.vpc.aws_iam_role.vpc_flow_log_cloudwatch",
            "module.vpc.aws_iam_role_policy_attachment.vpc_flow_log_cloudwatch",
            "module.vpc.aws_internet_gateway.this",
            "module.vpc.aws_nat_gateway.this",
            "module.vpc.aws_network_acl.database",
            "module.vpc.aws_network_acl.elasticache",
            "module.vpc.aws_network_acl.intra",
            "module.vpc.aws_network_acl.outpost",
            "module.vpc.aws_network_acl.private",
            "module.vpc.aws_network_acl.public",
            "module.vpc.aws_network_acl.redshift",
            "module.vpc.aws_network_acl_rule.database_inbound",
            "module.vpc.aws_network_acl_rule.database_outbound",
            "module.vpc.aws_network_acl_rule.elasticache_inbound",
            "module.vpc.aws_network_acl_rule.elasticache_outbound",
            "module.vpc.aws_network_acl_rule.intra_inbound",
            "module.vpc.aws_network_acl_rule.intra_outbound",
            "module.vpc.aws_network_acl_rule.outpost_inbound",
            "module.vpc.aws_network_acl_rule.outpost_outbound",
            "module.vpc.aws_network_acl_rule.private_inbound",
            "module.vpc.aws_network_acl_rule.private_outbound",
            "module.vpc.aws_network_acl_rule.public_inbound",
            "module.vpc.aws_network_acl_rule.public_outbound",
            "module.vpc.aws_network_acl_rule.redshift_inbound",
            "module.vpc.aws_network_acl_rule.redshift_outbound",
            "module.vpc.aws_redshift_subnet_group.redshift",
            "module.vpc.aws_route.database_internet_gateway",
            "module.vpc.aws_route.database_ipv6_egress",
            "module.vpc.aws_route.database_nat_gateway",
            "module.vpc.aws_route.private_ipv6_egress",
            "module.vpc.aws_route.private_nat_gateway",
            "module.vpc.aws_route.public_internet_gateway",
            "module.vpc.aws_route.public_internet_gateway_ipv6",
            "module.vpc.aws_route_table.database",
            "module.vpc.aws_route_table.elasticache",
            "module.vpc.aws_route_table.intra",
            "module.vpc.aws_route_table.private",
            "module.vpc.aws_route_table.public",
            "module.vpc.aws_route_table.redshift",
            "module.vpc.aws_route_table_association.database",
            "module.vpc.aws_route_table_association.elasticache",
            "module.vpc.aws_route_table_association.intra",
            "module.vpc.aws_route_table_association.outpost",
            "module.vpc.aws_route_table_association.private",
            "module.vpc.aws_route_table_association.public",
            "module.vpc.aws_route_table_association.redshift",
            "module.vpc.aws_route_table_association.redshift_public",
            "module.vpc.aws_subnet.database",
            "module.vpc.aws_subnet.elasticache",
            "module.vpc.aws_subnet.intra",
            "module.vpc.aws_subnet.outpost",
            "module.vpc.aws_subnet.private",
            "module.vpc.aws_subnet.public",
            "module.vpc.aws_subnet.redshift",
            "module.vpc.aws_vpc.this",
            "module.vpc.aws_vpc_dhcp_options.this",
            "module.vpc.aws_vpc_dhcp_options_association.this",
            "module.vpc.aws_vpc_ipv4_cidr_block_association.this",
            "module.vpc.aws_vpn_gateway.this",
            "module.vpc.aws_vpn_gateway_attachment.this",
            "module.vpc.aws_vpn_gateway_route_propagation.intra",
            "module.vpc.aws_vpn_gateway_route_propagation.private",
            "module.vpc.aws_vpn_gateway_route_propagation.public",
            "module.vpc.data.aws_iam_policy_document.flow_log_cloudwatch_assume_role",
            "module.vpc.data.aws_iam_policy_document.vpc_flow_log_cloudwatch"
          ]
        }
      ]
    },
    {
      "mode": "managed",
      "type": "aws_security_group",
      "name": "sg_caldera_server",
      "provider": "provider[\"registry.terraform.io/hashicorp/aws\"]",
      "instances": [
        {
          "schema_version": 1,
          "attributes": {
            "arn": "arn:aws:ec2:us-east-1:928095984044:security-group/sg-0a7a780eafb42e30f",
            "description": "Allow ports for caldera server",
            "egress": [
              {
                "cidr_blocks": [
                  "0.0.0.0/0"
                ],
                "description": "",
                "from_port": 0,
                "ipv6_cidr_blocks": [],
                "prefix_list_ids": [],
                "protocol": "-1",
                "security_groups": [],
                "self": false,
                "to_port": 0
              }
            ],
            "id": "sg-0a7a780eafb42e30f",
            "ingress": [
              {
                "cidr_blocks": [
                  "0.0.0.0/0"
                ],
                "description": "Caldera server port",
                "from_port": 2288,
                "ipv6_cidr_blocks": [],
                "prefix_list_ids": [],
                "protocol": "tcp",
                "security_groups": [],
                "self": false,
                "to_port": 2288
              },
              {
                "cidr_blocks": [
                  "0.0.0.0/0"
                ],
                "description": "SSH from VPC",
                "from_port": 22,
                "ipv6_cidr_blocks": [],
                "prefix_list_ids": [],
                "protocol": "tcp",
                "security_groups": [],
                "self": false,
                "to_port": 22
              }
            ],
            "name": "sg_caldera_server",
            "name_prefix": "",
            "owner_id": "928095984044",
            "revoke_rules_on_delete": false,
            "tags": {
              "environment": "caldera-test"
            },
            "tags_all": {
              "environment": "caldera-test"
            },
            "timeouts": null,
            "vpc_id": "vpc-0a5a65a15616f222e"
          },
          "sensitive_attributes": [],
          "private": "eyJlMmJmYjczMC1lY2FhLTExZTYtOGY4OC0zNDM2M2JjN2M0YzAiOnsiY3JlYXRlIjo2MDAwMDAwMDAwMDAsImRlbGV0ZSI6OTAwMDAwMDAwMDAwfSwic2NoZW1hX3ZlcnNpb24iOiIxIn0=",
          "dependencies": [
            "module.vpc.aws_vpc.this"
          ]
        }
      ]
    },
    {
      "module": "module.aws_rsa_key",
      "mode": "managed",
      "type": "aws_key_pair",
      "name": "worker",
      "provider": "provider[\"registry.terraform.io/hashicorp/aws\"]",
      "instances": [
        {
          "schema_version": 1,
          "attributes": {
            "arn": "arn:aws:ec2:us-east-1:928095984044:key-pair/caldera-nodes",
            "fingerprint": "0c:fc:4b:67:dd:1e:b3:3f:b5:ba:ed:94:57:ca:a6:0d",
            "id": "caldera-nodes",
            "key_name": "caldera-nodes",
            "key_name_prefix": "",
            "key_pair_id": "key-06a0dbb735885529d",
            "key_type": "rsa",
            "public_key": "ssh-rsa AAAAB3NzaC1yc2EAAAADAQABAAACAQDPsi5CDK2jnuvgcRGRi5RGmUauB3mmfOTx7a9Cc9IZCer2GZpsUVfdDdq80UKXa6dGmcy6j0NDZrpQCMTK2IkYUS/SPL9IDS4W58ijrG0r68rtgmPE78vJh3rpEXOhFJWbDCIueiHpDOdsddjR7DOYz8W2VrQQhWcTi+fJ3Uq3b2SSbs5vTM6wNnflcHHltcwlNITJ+dPdVNg44khcF5XmdIG+lq4jzxFbNNhN6/ILievWdaSu/1ntO0hpTO7BrrHXLGypbM0dxL+jwtvnjK9UEvV5jc/GK4Ceyivo8zi1xD1XcPaqQiEW3fLg5vRYq2wTuDtoKZ00EByQK85B3gIYjT6mEwZ+4SzgYbUQzjV7ySfvJZ9FItcypKC+AIPRHuE85TBB+2i1SHBBqFTeM2pdQpA0ycajWrB+0k0hbWuOvAH3ChSbtrWMma8Py/VKrtl9EJduM2r/LOrQEVAqr0Z0j008KYtfIsIzDo5LrnVbA9gVf9C/T72QXRP9mYV9vaU6WSP6iSvF1NYPKOEnxKuspbsejwgcsLHoa1kgiaxTp3X81zZ9qqVBrihPF0vOIuCLmEIXc09y0C+I1/kC5VBeq9wrE29/tHUKdBexdyOyNxhiT4QUBLGjvAdvAe8P3I37wpxsVK1dIVqhQ9uBH8UInL2f5ZIiuelKa86ueFh+iw==",
            "tags": null,
            "tags_all": {}
          },
          "sensitive_attributes": [],
          "private": "eyJzY2hlbWFfdmVyc2lvbiI6IjEifQ==",
          "dependencies": [
            "module.aws_rsa_key.tls_private_key.ssh_key",
            "module.vpc.aws_cloudwatch_log_group.flow_log",
            "module.vpc.aws_customer_gateway.this",
            "module.vpc.aws_db_subnet_group.database",
            "module.vpc.aws_default_network_acl.this",
            "module.vpc.aws_default_route_table.default",
            "module.vpc.aws_default_security_group.this",
            "module.vpc.aws_default_vpc.this",
            "module.vpc.aws_egress_only_internet_gateway.this",
            "module.vpc.aws_eip.nat",
            "module.vpc.aws_elasticache_subnet_group.elasticache",
            "module.vpc.aws_flow_log.this",
            "module.vpc.aws_iam_policy.vpc_flow_log_cloudwatch",
            "module.vpc.aws_iam_role.vpc_flow_log_cloudwatch",
            "module.vpc.aws_iam_role_policy_attachment.vpc_flow_log_cloudwatch",
            "module.vpc.aws_internet_gateway.this",
            "module.vpc.aws_nat_gateway.this",
            "module.vpc.aws_network_acl.database",
            "module.vpc.aws_network_acl.elasticache",
            "module.vpc.aws_network_acl.intra",
            "module.vpc.aws_network_acl.outpost",
            "module.vpc.aws_network_acl.private",
            "module.vpc.aws_network_acl.public",
            "module.vpc.aws_network_acl.redshift",
            "module.vpc.aws_network_acl_rule.database_inbound",
            "module.vpc.aws_network_acl_rule.database_outbound",
            "module.vpc.aws_network_acl_rule.elasticache_inbound",
            "module.vpc.aws_network_acl_rule.elasticache_outbound",
            "module.vpc.aws_network_acl_rule.intra_inbound",
            "module.vpc.aws_network_acl_rule.intra_outbound",
            "module.vpc.aws_network_acl_rule.outpost_inbound",
            "module.vpc.aws_network_acl_rule.outpost_outbound",
            "module.vpc.aws_network_acl_rule.private_inbound",
            "module.vpc.aws_network_acl_rule.private_outbound",
            "module.vpc.aws_network_acl_rule.public_inbound",
            "module.vpc.aws_network_acl_rule.public_outbound",
            "module.vpc.aws_network_acl_rule.redshift_inbound",
            "module.vpc.aws_network_acl_rule.redshift_outbound",
            "module.vpc.aws_redshift_subnet_group.redshift",
            "module.vpc.aws_route.database_internet_gateway",
            "module.vpc.aws_route.database_ipv6_egress",
            "module.vpc.aws_route.database_nat_gateway",
            "module.vpc.aws_route.private_ipv6_egress",
            "module.vpc.aws_route.private_nat_gateway",
            "module.vpc.aws_route.public_internet_gateway",
            "module.vpc.aws_route.public_internet_gateway_ipv6",
            "module.vpc.aws_route_table.database",
            "module.vpc.aws_route_table.elasticache",
            "module.vpc.aws_route_table.intra",
            "module.vpc.aws_route_table.private",
            "module.vpc.aws_route_table.public",
            "module.vpc.aws_route_table.redshift",
            "module.vpc.aws_route_table_association.database",
            "module.vpc.aws_route_table_association.elasticache",
            "module.vpc.aws_route_table_association.intra",
            "module.vpc.aws_route_table_association.outpost",
            "module.vpc.aws_route_table_association.private",
            "module.vpc.aws_route_table_association.public",
            "module.vpc.aws_route_table_association.redshift",
            "module.vpc.aws_route_table_association.redshift_public",
            "module.vpc.aws_subnet.database",
            "module.vpc.aws_subnet.elasticache",
            "module.vpc.aws_subnet.intra",
            "module.vpc.aws_subnet.outpost",
            "module.vpc.aws_subnet.private",
            "module.vpc.aws_subnet.public",
            "module.vpc.aws_subnet.redshift",
            "module.vpc.aws_vpc.this",
            "module.vpc.aws_vpc_dhcp_options.this",
            "module.vpc.aws_vpc_dhcp_options_association.this",
            "module.vpc.aws_vpc_ipv4_cidr_block_association.this",
            "module.vpc.aws_vpn_gateway.this",
            "module.vpc.aws_vpn_gateway_attachment.this",
            "module.vpc.aws_vpn_gateway_route_propagation.intra",
            "module.vpc.aws_vpn_gateway_route_propagation.private",
            "module.vpc.aws_vpn_gateway_route_propagation.public",
            "module.vpc.data.aws_iam_policy_document.flow_log_cloudwatch_assume_role",
            "module.vpc.data.aws_iam_policy_document.vpc_flow_log_cloudwatch"
          ]
        }
      ]
    },
    {
      "module": "module.aws_rsa_key",
      "mode": "managed",
      "type": "tls_private_key",
      "name": "ssh_key",
      "provider": "provider[\"registry.terraform.io/hashicorp/tls\"]",
      "instances": [
        {
          "schema_version": 1,
          "attributes": {
            "algorithm": "RSA",
            "ecdsa_curve": "P224",
            "id": "fd6077d518fa4364d8ddb48d5fe9ef751f63a619",
            "private_key_openssh": "-----BEGIN OPENSSH PRIVATE KEY-----\nb3BlbnNzaC1rZXktdjEAAAAABG5vbmUAAAAEbm9uZQAAAAAAAAABAAACFwAAAAdz\nc2gtcnNhAAAAAwEAAQAAAgEAz7IuQgyto57r4HERkYuURplGrgd5pnzk8e2vQnPS\nGQnq9hmabFFX3Q3avNFCl2unRpnMuo9DQ2a6UAjEytiJGFEv0jy/SA0uFufIo6xt\nK+vK7YJjxO/LyYd66RFzoRSVmwwiLnoh6QznbHXY0ewzmM/Ftla0EIVnE4vnyd1K\nt29kkm7Ob0zOsDZ35XBx5bXMJTSEyfnT3VTYOOJIXBeV5nSBvpauI88RWzTYTevy\nC4nr1nWkrv9Z7TtIaUzuwa6x1yxsqWzNHcS/o8Lb54yvVBL1eY3PxiuAnsor6PM4\ntcQ9V3D2qkIhFt3y4Ob0WKtsE7g7aCmdNBAckCvOQd4CGI0+phMGfuEs4GG1EM41\ne8kn7yWfRSLXMqSgvgCD0R7hPOUwQftotUhwQahU3jNqXUKQNMnGo1qwftJNIW1r\njrwB9woUm7a1jJmvD8v1Sq7ZfRCXbjNq/yzq0BFQKq9GdI9NPCmLXyLCMw6OS651\nWwPYFX/Qv0+9kF0T/ZmFfb2lOlkj+okrxdTWDyjhJ8SrrKW7Ho8IHLCx6GtZIIms\nU6d1/Nc2faqlQa4oTxdLziLgi5hCF3NPctAviNf5AuVQXqvcKxNvf7R1CnQXsXcj\nsjcYYk+EFASxo7wHbwHvD9yN+8KcbFStXSFaoUPbgR/FCJy9n+WSIrnpSmvOrnhY\nfosAAAc4GLclzhi3Jc4AAAAHc3NoLXJzYQAAAgEAz7IuQgyto57r4HERkYuURplG\nrgd5pnzk8e2vQnPSGQnq9hmabFFX3Q3avNFCl2unRpnMuo9DQ2a6UAjEytiJGFEv\n0jy/SA0uFufIo6xtK+vK7YJjxO/LyYd66RFzoRSVmwwiLnoh6QznbHXY0ewzmM/F\ntla0EIVnE4vnyd1Kt29kkm7Ob0zOsDZ35XBx5bXMJTSEyfnT3VTYOOJIXBeV5nSB\nvpauI88RWzTYTevyC4nr1nWkrv9Z7TtIaUzuwa6x1yxsqWzNHcS/o8Lb54yvVBL1\neY3PxiuAnsor6PM4tcQ9V3D2qkIhFt3y4Ob0WKtsE7g7aCmdNBAckCvOQd4CGI0+\nphMGfuEs4GG1EM41e8kn7yWfRSLXMqSgvgCD0R7hPOUwQftotUhwQahU3jNqXUKQ\nNMnGo1qwftJNIW1rjrwB9woUm7a1jJmvD8v1Sq7ZfRCXbjNq/yzq0BFQKq9GdI9N\nPCmLXyLCMw6OS651WwPYFX/Qv0+9kF0T/ZmFfb2lOlkj+okrxdTWDyjhJ8SrrKW7\nHo8IHLCx6GtZIImsU6d1/Nc2faqlQa4oTxdLziLgi5hCF3NPctAviNf5AuVQXqvc\nKxNvf7R1CnQXsXcjsjcYYk+EFASxo7wHbwHvD9yN+8KcbFStXSFaoUPbgR/FCJy9\nn+WSIrnpSmvOrnhYfosAAAADAQABAAACADBStJCJgpzfDOJbbEsAvq7uWpODCbrC\ntEHVm0FK0UciF5jKvDMXeenkn0/vIB863OCASDHfwzabYB3e7GqFluAhg47Ws2qA\nJokNxJDQPVZKthwsiin34OIys1YmyVBhCa3ZVNqbb+hZKD8D7D5rRlX3gXi7E4oE\nf8b8diFxa0DimfO39C/RHwXApoSrdNSNR8IgRgT4K2MDqosRmuRSWH4V/VnqlPmf\n49nkoa7/hoFIxaZQGNDeeH3JnT9ituo5SwdVPrLsrYyPikb/v0pQYTqebp6pb/4b\ngQFw6GZ6sGcaEWuWzM0wNaKsYSYSlidLOwobgzbo97p1RTAGAScyECpa0dvqmzI0\n/hdZ+qYZQjK7grTsmhp7gGLZwF5Wg0VWmofeaVdEi/oIZUbCLFLL0w+Qayd2Eakg\neu0Rf/Se4lSLQQUdAVFidXGrwKBX7O5JfMvThLYUFKhK+TpaGbeJIn9R42spM07r\nglSOCmHYTzsbobnme0SRwwhKo6gOIpwq24p8z9TmiMZSL3HxAM5Q67yHKdwa3MTN\nkU+MdK82FQyhlfCAQZt7GH8LZNT7ryy3J+1X4CT4CAHU0BKOKvbAN9oRAqQJi2Uw\n901O3JAuNmfe6S/vaYg6pbdFBSTh45jvQabhaaGUIeWQiq7hDwPI4R6eguvjuv0C\nmaUKUH2NQ9OBAAABAQDBfgMu2KYda1WYIsudA3WCILk2ZUUqV9NaC35TCvXJXLEj\nBwMnjne1Gd5M5d37/6mNmhFcKE37h5cyNXwpBbImuURAUY0FhsQuYfB3Nil1EJbN\ntF/yHHguZi85Q/wuczbDSq+EQRi15jDaRFXT1zneNqFagkQFA0juN1AMyg/qab72\nGQ4sQnOlV+egoro5nmmIlhDkvAHGErcamZdWgvVlLJA6DqO7LJtq6yBT93TK8L6y\nD18NYLuQciGhXLorvFRchlJdR/J8KtjGOKRAc5l/FSixJAS8k9ZvD//1oSJPAZJ4\njqTM/UpU75eLTLTcGrBEbt6GIwoecutQlEb6owGbAAABAQDd8aOJouYCg5u0kQts\n1MTeR1bvPL6aDVgK4jfLQpV17hNTYyENAOV/BVhoWZPMFVEmxIQfXstQUAl+2eUh\nFI+ZaktQ8DOdZ2Xm44XtP1NoU0OFNUd+igaKTcVhtZodiyDqEaLqcYeMy6n3vqC3\nTTZGukyq1LXC6oZMEcHayS0icWqC13jXraJtngpMnjEnxtuAinWqMZs4hGE7wh9+\nn/uKWpTpy4ENZvDLX8aP8OnVkthuKkbY77QHVfrNvsL9SDqb6IXBdCjdvTgJijgY\nHK0HlMNvYi4fkjbmpB7kEfLDogWpjrDVVsWfvCBE4bzbV8iJ8qAdh7wIL5vq+rgO\nGbqvAAABAQDvkNvp+YsqrVvpR3pvecOU02y07Hrjq4bjSyXssu5mEHfbpyg4ORg+\nAzxmEx1oCi2g2pnP3CwVl0yOD3kG6vOf8nXDPfP9QOtP5wD+/dpswG1iRlJYSpoV\n1AVB77EGalQb61REOwPtyFSzcAoDftolqi7FlgrxbmeWUKBzEqOnbgOKpFGApFX9\nSJq+726o0Cz3aqDBf77Ppabr0z+4gjmly1IQkovYz72dJO8ijPvVr/DzmrA7EBEJ\njnwSU/SA5zImklGSuuPtnC64ScvtSc5L+H31dqfFumPJ5bLaS9/Nh2RzkmIVLEE8\nlAmHeQOHxPcDdJiEgAvweNCNXErNE4DlAAAAAAEC\n-----END OPENSSH PRIVATE KEY-----\n",
            "private_key_pem": "-----BEGIN RSA PRIVATE KEY-----\nMIIJKgIBAAKCAgEAz7IuQgyto57r4HERkYuURplGrgd5pnzk8e2vQnPSGQnq9hma\nbFFX3Q3avNFCl2unRpnMuo9DQ2a6UAjEytiJGFEv0jy/SA0uFufIo6xtK+vK7YJj\nxO/LyYd66RFzoRSVmwwiLnoh6QznbHXY0ewzmM/Ftla0EIVnE4vnyd1Kt29kkm7O\nb0zOsDZ35XBx5bXMJTSEyfnT3VTYOOJIXBeV5nSBvpauI88RWzTYTevyC4nr1nWk\nrv9Z7TtIaUzuwa6x1yxsqWzNHcS/o8Lb54yvVBL1eY3PxiuAnsor6PM4tcQ9V3D2\nqkIhFt3y4Ob0WKtsE7g7aCmdNBAckCvOQd4CGI0+phMGfuEs4GG1EM41e8kn7yWf\nRSLXMqSgvgCD0R7hPOUwQftotUhwQahU3jNqXUKQNMnGo1qwftJNIW1rjrwB9woU\nm7a1jJmvD8v1Sq7ZfRCXbjNq/yzq0BFQKq9GdI9NPCmLXyLCMw6OS651WwPYFX/Q\nv0+9kF0T/ZmFfb2lOlkj+okrxdTWDyjhJ8SrrKW7Ho8IHLCx6GtZIImsU6d1/Nc2\nfaqlQa4oTxdLziLgi5hCF3NPctAviNf5AuVQXqvcKxNvf7R1CnQXsXcjsjcYYk+E\nFASxo7wHbwHvD9yN+8KcbFStXSFaoUPbgR/FCJy9n+WSIrnpSmvOrnhYfosCAwEA\nAQKCAgAwUrSQiYKc3wziW2xLAL6u7lqTgwm6wrRB1ZtBStFHIheYyrwzF3np5J9P\n7yAfOtzggEgx38M2m2Ad3uxqhZbgIYOO1rNqgCaJDcSQ0D1WSrYcLIop9+DiMrNW\nJslQYQmt2VTam2/oWSg/A+w+a0ZV94F4uxOKBH/G/HYhcWtA4pnzt/Qv0R8FwKaE\nq3TUjUfCIEYE+CtjA6qLEZrkUlh+Ff1Z6pT5n+PZ5KGu/4aBSMWmUBjQ3nh9yZ0/\nYrbqOUsHVT6y7K2Mj4pG/79KUGE6nm6eqW/+G4EBcOhmerBnGhFrlszNMDWirGEm\nEpYnSzsKG4M26Pe6dUUwBgEnMhAqWtHb6psyNP4XWfqmGUIyu4K07Joae4Bi2cBe\nVoNFVpqH3mlXRIv6CGVGwixSy9MPkGsndhGpIHrtEX/0nuJUi0EFHQFRYnVxq8Cg\nV+zuSXzL04S2FBSoSvk6Whm3iSJ/UeNrKTNO64JUjgph2E87G6G55ntEkcMISqOo\nDiKcKtuKfM/U5ojGUi9x8QDOUOu8hyncGtzEzZFPjHSvNhUMoZXwgEGbexh/C2TU\n+68styftV+Ak+AgB1NASjir2wDfaEQKkCYtlMPdNTtyQLjZn3ukv72mIOqW3RQUk\n4eOY70Gm4WmhlCHlkIqu4Q8DyOEenoLr47r9ApmlClB9jUPTgQKCAQEA3fGjiaLm\nAoObtJELbNTE3kdW7zy+mg1YCuI3y0KVde4TU2MhDQDlfwVYaFmTzBVRJsSEH17L\nUFAJftnlIRSPmWpLUPAznWdl5uOF7T9TaFNDhTVHfooGik3FYbWaHYsg6hGi6nGH\njMup976gt002RrpMqtS1wuqGTBHB2sktInFqgtd4162ibZ4KTJ4xJ8bbgIp1qjGb\nOIRhO8Iffp/7ilqU6cuBDWbwy1/Gj/Dp1ZLYbipG2O+0B1X6zb7C/Ug6m+iFwXQo\n3b04CYo4GBytB5TDb2IuH5I25qQe5BHyw6IFqY6w1VbFn7wgROG821fIifKgHYe8\nCC+b6vq4Dhm6rwKCAQEA75Db6fmLKq1b6Ud6b3nDlNNstOx646uG40sl7LLuZhB3\n26coODkYPgM8ZhMdaAotoNqZz9wsFZdMjg95Burzn/J1wz3z/UDrT+cA/v3abMBt\nYkZSWEqaFdQFQe+xBmpUG+tURDsD7chUs3AKA37aJaouxZYK8W5nllCgcxKjp24D\niqRRgKRV/Uiavu9uqNAs92qgwX++z6Wm69M/uII5pctSEJKL2M+9nSTvIoz71a/w\n85qwOxARCY58ElP0gOcyJpJRkrrj7ZwuuEnL7UnOS/h99XanxbpjyeWy2kvfzYdk\nc5JiFSxBPJQJh3kDh8T3A3SYhIAL8HjQjVxKzROA5QKCAQEAxPtQADp6FkUkjtAk\n6cS1rep3OAIb0LKDL7Wze01vRam1sU7L6LSg+2mNG6BVUs6gpd3IvebuYCuJIfLW\nL9QF103F5uIpjUxV3uSU2wpXRsKPrMyq1Z4/S8TWqG/7hrkSz2wzwgxdGBMymVWx\nYr6+q2tx3DTJ1WM9KoqgGURwMJ+kvtfqwtGy1cNstK+6ROlzq9Q3toQsla64dcdH\nGKV5JURb4lzh/zkcAgTRQLO7dfjM6onPM38bs18WKEFk4lOW4QUwoZAtLRBhieYI\n/y2ETLQ1+MeU1CR7YZzMZfOgGQ3WJLUmMVLAN5NKuJf5fFue+wBCJ7NuqX1HzvgT\nH0CqtQKCAQEA46U/lEJxIAjEQhSOH8gRNicCMZpV3GpuLyaFzzrol0wm2S8qZOK8\nSpFAn66iTu79FNElQAP0UEAJmyTQ2OYCw4beqL0CUTGTacYViDkpihYA21X/ga7C\nZOOoa1OdYH9BlZY16PA7d4TaF/jrSw8LtKbW8yL1Gx7SiF/tV+vqX3uHGgOy/w8q\nNxj7E1zqRrgrQqCsSbNeWmsLByUic+4rYYSnYuAey9P8Vot2Qdq+o/wgdxwTQsyt\no+slszTcLnGDkmuP4GJ/nJbBPpXBlqZ/xmlHKC2sl5Pap0wCfLWE4gU6Syha08vN\n4ga6V2WDGUztfPcaxy32KnhjlTCSU/WokQKCAQEAwX4DLtimHWtVmCLLnQN1giC5\nNmVFKlfTWgt+Uwr1yVyxIwcDJ453tRneTOXd+/+pjZoRXChN+4eXMjV8KQWyJrlE\nQFGNBYbELmHwdzYpdRCWzbRf8hx4LmYvOUP8LnM2w0qvhEEYteYw2kRV09c53jah\nWoJEBQNI7jdQDMoP6mm+9hkOLEJzpVfnoKK6OZ5piJYQ5LwBxhK3GpmXVoL1ZSyQ\nOg6juyybausgU/d0yvC+sg9fDWC7kHIhoVy6K7xUXIZSXUfyfCrYxjikQHOZfxUo\nsSQEvJPWbw//9aEiTwGSeI6kzP1KVO+Xi0y03BqwRG7ehiMKHnLrUJRG+qMBmw==\n-----END RSA PRIVATE KEY-----\n",
            "private_key_pem_pkcs8": "-----BEGIN PRIVATE KEY-----\nMIIJRAIBADANBgkqhkiG9w0BAQEFAASCCS4wggkqAgEAAoICAQDPsi5CDK2jnuvg\ncRGRi5RGmUauB3mmfOTx7a9Cc9IZCer2GZpsUVfdDdq80UKXa6dGmcy6j0NDZrpQ\nCMTK2IkYUS/SPL9IDS4W58ijrG0r68rtgmPE78vJh3rpEXOhFJWbDCIueiHpDOds\nddjR7DOYz8W2VrQQhWcTi+fJ3Uq3b2SSbs5vTM6wNnflcHHltcwlNITJ+dPdVNg4\n4khcF5XmdIG+lq4jzxFbNNhN6/ILievWdaSu/1ntO0hpTO7BrrHXLGypbM0dxL+j\nwtvnjK9UEvV5jc/GK4Ceyivo8zi1xD1XcPaqQiEW3fLg5vRYq2wTuDtoKZ00EByQ\nK85B3gIYjT6mEwZ+4SzgYbUQzjV7ySfvJZ9FItcypKC+AIPRHuE85TBB+2i1SHBB\nqFTeM2pdQpA0ycajWrB+0k0hbWuOvAH3ChSbtrWMma8Py/VKrtl9EJduM2r/LOrQ\nEVAqr0Z0j008KYtfIsIzDo5LrnVbA9gVf9C/T72QXRP9mYV9vaU6WSP6iSvF1NYP\nKOEnxKuspbsejwgcsLHoa1kgiaxTp3X81zZ9qqVBrihPF0vOIuCLmEIXc09y0C+I\n1/kC5VBeq9wrE29/tHUKdBexdyOyNxhiT4QUBLGjvAdvAe8P3I37wpxsVK1dIVqh\nQ9uBH8UInL2f5ZIiuelKa86ueFh+iwIDAQABAoICADBStJCJgpzfDOJbbEsAvq7u\nWpODCbrCtEHVm0FK0UciF5jKvDMXeenkn0/vIB863OCASDHfwzabYB3e7GqFluAh\ng47Ws2qAJokNxJDQPVZKthwsiin34OIys1YmyVBhCa3ZVNqbb+hZKD8D7D5rRlX3\ngXi7E4oEf8b8diFxa0DimfO39C/RHwXApoSrdNSNR8IgRgT4K2MDqosRmuRSWH4V\n/VnqlPmf49nkoa7/hoFIxaZQGNDeeH3JnT9ituo5SwdVPrLsrYyPikb/v0pQYTqe\nbp6pb/4bgQFw6GZ6sGcaEWuWzM0wNaKsYSYSlidLOwobgzbo97p1RTAGAScyECpa\n0dvqmzI0/hdZ+qYZQjK7grTsmhp7gGLZwF5Wg0VWmofeaVdEi/oIZUbCLFLL0w+Q\nayd2Eakgeu0Rf/Se4lSLQQUdAVFidXGrwKBX7O5JfMvThLYUFKhK+TpaGbeJIn9R\n42spM07rglSOCmHYTzsbobnme0SRwwhKo6gOIpwq24p8z9TmiMZSL3HxAM5Q67yH\nKdwa3MTNkU+MdK82FQyhlfCAQZt7GH8LZNT7ryy3J+1X4CT4CAHU0BKOKvbAN9oR\nAqQJi2Uw901O3JAuNmfe6S/vaYg6pbdFBSTh45jvQabhaaGUIeWQiq7hDwPI4R6e\nguvjuv0CmaUKUH2NQ9OBAoIBAQDd8aOJouYCg5u0kQts1MTeR1bvPL6aDVgK4jfL\nQpV17hNTYyENAOV/BVhoWZPMFVEmxIQfXstQUAl+2eUhFI+ZaktQ8DOdZ2Xm44Xt\nP1NoU0OFNUd+igaKTcVhtZodiyDqEaLqcYeMy6n3vqC3TTZGukyq1LXC6oZMEcHa\nyS0icWqC13jXraJtngpMnjEnxtuAinWqMZs4hGE7wh9+n/uKWpTpy4ENZvDLX8aP\n8OnVkthuKkbY77QHVfrNvsL9SDqb6IXBdCjdvTgJijgYHK0HlMNvYi4fkjbmpB7k\nEfLDogWpjrDVVsWfvCBE4bzbV8iJ8qAdh7wIL5vq+rgOGbqvAoIBAQDvkNvp+Ysq\nrVvpR3pvecOU02y07Hrjq4bjSyXssu5mEHfbpyg4ORg+AzxmEx1oCi2g2pnP3CwV\nl0yOD3kG6vOf8nXDPfP9QOtP5wD+/dpswG1iRlJYSpoV1AVB77EGalQb61REOwPt\nyFSzcAoDftolqi7FlgrxbmeWUKBzEqOnbgOKpFGApFX9SJq+726o0Cz3aqDBf77P\npabr0z+4gjmly1IQkovYz72dJO8ijPvVr/DzmrA7EBEJjnwSU/SA5zImklGSuuPt\nnC64ScvtSc5L+H31dqfFumPJ5bLaS9/Nh2RzkmIVLEE8lAmHeQOHxPcDdJiEgAvw\neNCNXErNE4DlAoIBAQDE+1AAOnoWRSSO0CTpxLWt6nc4AhvQsoMvtbN7TW9FqbWx\nTsvotKD7aY0boFVSzqCl3ci95u5gK4kh8tYv1AXXTcXm4imNTFXe5JTbCldGwo+s\nzKrVnj9LxNaob/uGuRLPbDPCDF0YEzKZVbFivr6ra3HcNMnVYz0qiqAZRHAwn6S+\n1+rC0bLVw2y0r7pE6XOr1De2hCyVrrh1x0cYpXklRFviXOH/ORwCBNFAs7t1+Mzq\nic8zfxuzXxYoQWTiU5bhBTChkC0tEGGJ5gj/LYRMtDX4x5TUJHthnMxl86AZDdYk\ntSYxUsA3k0q4l/l8W577AEIns26pfUfO+BMfQKq1AoIBAQDjpT+UQnEgCMRCFI4f\nyBE2JwIxmlXcam4vJoXPOuiXTCbZLypk4rxKkUCfrqJO7v0U0SVAA/RQQAmbJNDY\n5gLDht6ovQJRMZNpxhWIOSmKFgDbVf+BrsJk46hrU51gf0GVljXo8Dt3hNoX+OtL\nDwu0ptbzIvUbHtKIX+1X6+pfe4caA7L/Dyo3GPsTXOpGuCtCoKxJs15aawsHJSJz\n7ithhKdi4B7L0/xWi3ZB2r6j/CB3HBNCzK2j6yWzNNwucYOSa4/gYn+clsE+lcGW\npn/GaUcoLayXk9qnTAJ8tYTiBTpLKFrTy83iBrpXZYMZTO189xrHLfYqeGOVMJJT\n9aiRAoIBAQDBfgMu2KYda1WYIsudA3WCILk2ZUUqV9NaC35TCvXJXLEjBwMnjne1\nGd5M5d37/6mNmhFcKE37h5cyNXwpBbImuURAUY0FhsQuYfB3Nil1EJbNtF/yHHgu\nZi85Q/wuczbDSq+EQRi15jDaRFXT1zneNqFagkQFA0juN1AMyg/qab72GQ4sQnOl\nV+egoro5nmmIlhDkvAHGErcamZdWgvVlLJA6DqO7LJtq6yBT93TK8L6yD18NYLuQ\nciGhXLorvFRchlJdR/J8KtjGOKRAc5l/FSixJAS8k9ZvD//1oSJPAZJ4jqTM/UpU\n75eLTLTcGrBEbt6GIwoecutQlEb6owGb\n-----END PRIVATE KEY-----\n",
            "public_key_fingerprint_md5": "56:93:13:58:90:0c:23:35:79:d5:f2:97:b0:1c:4d:e5",
            "public_key_fingerprint_sha256": "SHA256:7NKB0WjFdPiqD8Gh+/7RqKGqQ3+VEBDuCVdyzFrVbvE",
            "public_key_openssh": "ssh-rsa AAAAB3NzaC1yc2EAAAADAQABAAACAQDPsi5CDK2jnuvgcRGRi5RGmUauB3mmfOTx7a9Cc9IZCer2GZpsUVfdDdq80UKXa6dGmcy6j0NDZrpQCMTK2IkYUS/SPL9IDS4W58ijrG0r68rtgmPE78vJh3rpEXOhFJWbDCIueiHpDOdsddjR7DOYz8W2VrQQhWcTi+fJ3Uq3b2SSbs5vTM6wNnflcHHltcwlNITJ+dPdVNg44khcF5XmdIG+lq4jzxFbNNhN6/ILievWdaSu/1ntO0hpTO7BrrHXLGypbM0dxL+jwtvnjK9UEvV5jc/GK4Ceyivo8zi1xD1XcPaqQiEW3fLg5vRYq2wTuDtoKZ00EByQK85B3gIYjT6mEwZ+4SzgYbUQzjV7ySfvJZ9FItcypKC+AIPRHuE85TBB+2i1SHBBqFTeM2pdQpA0ycajWrB+0k0hbWuOvAH3ChSbtrWMma8Py/VKrtl9EJduM2r/LOrQEVAqr0Z0j008KYtfIsIzDo5LrnVbA9gVf9C/T72QXRP9mYV9vaU6WSP6iSvF1NYPKOEnxKuspbsejwgcsLHoa1kgiaxTp3X81zZ9qqVBrihPF0vOIuCLmEIXc09y0C+I1/kC5VBeq9wrE29/tHUKdBexdyOyNxhiT4QUBLGjvAdvAe8P3I37wpxsVK1dIVqhQ9uBH8UInL2f5ZIiuelKa86ueFh+iw==\n",
            "public_key_pem": "-----BEGIN PUBLIC KEY-----\nMIICIjANBgkqhkiG9w0BAQEFAAOCAg8AMIICCgKCAgEAz7IuQgyto57r4HERkYuU\nRplGrgd5pnzk8e2vQnPSGQnq9hmabFFX3Q3avNFCl2unRpnMuo9DQ2a6UAjEytiJ\nGFEv0jy/SA0uFufIo6xtK+vK7YJjxO/LyYd66RFzoRSVmwwiLnoh6QznbHXY0ewz\nmM/Ftla0EIVnE4vnyd1Kt29kkm7Ob0zOsDZ35XBx5bXMJTSEyfnT3VTYOOJIXBeV\n5nSBvpauI88RWzTYTevyC4nr1nWkrv9Z7TtIaUzuwa6x1yxsqWzNHcS/o8Lb54yv\nVBL1eY3PxiuAnsor6PM4tcQ9V3D2qkIhFt3y4Ob0WKtsE7g7aCmdNBAckCvOQd4C\nGI0+phMGfuEs4GG1EM41e8kn7yWfRSLXMqSgvgCD0R7hPOUwQftotUhwQahU3jNq\nXUKQNMnGo1qwftJNIW1rjrwB9woUm7a1jJmvD8v1Sq7ZfRCXbjNq/yzq0BFQKq9G\ndI9NPCmLXyLCMw6OS651WwPYFX/Qv0+9kF0T/ZmFfb2lOlkj+okrxdTWDyjhJ8Sr\nrKW7Ho8IHLCx6GtZIImsU6d1/Nc2faqlQa4oTxdLziLgi5hCF3NPctAviNf5AuVQ\nXqvcKxNvf7R1CnQXsXcjsjcYYk+EFASxo7wHbwHvD9yN+8KcbFStXSFaoUPbgR/F\nCJy9n+WSIrnpSmvOrnhYfosCAwEAAQ==\n-----END PUBLIC KEY-----\n",
            "rsa_bits": 4096
          },
          "sensitive_attributes": [],
          "dependencies": [
            "module.vpc.aws_cloudwatch_log_group.flow_log",
            "module.vpc.aws_customer_gateway.this",
            "module.vpc.aws_db_subnet_group.database",
            "module.vpc.aws_default_network_acl.this",
            "module.vpc.aws_default_route_table.default",
            "module.vpc.aws_default_security_group.this",
            "module.vpc.aws_default_vpc.this",
            "module.vpc.aws_egress_only_internet_gateway.this",
            "module.vpc.aws_eip.nat",
            "module.vpc.aws_elasticache_subnet_group.elasticache",
            "module.vpc.aws_flow_log.this",
            "module.vpc.aws_iam_policy.vpc_flow_log_cloudwatch",
            "module.vpc.aws_iam_role.vpc_flow_log_cloudwatch",
            "module.vpc.aws_iam_role_policy_attachment.vpc_flow_log_cloudwatch",
            "module.vpc.aws_internet_gateway.this",
            "module.vpc.aws_nat_gateway.this",
            "module.vpc.aws_network_acl.database",
            "module.vpc.aws_network_acl.elasticache",
            "module.vpc.aws_network_acl.intra",
            "module.vpc.aws_network_acl.outpost",
            "module.vpc.aws_network_acl.private",
            "module.vpc.aws_network_acl.public",
            "module.vpc.aws_network_acl.redshift",
            "module.vpc.aws_network_acl_rule.database_inbound",
            "module.vpc.aws_network_acl_rule.database_outbound",
            "module.vpc.aws_network_acl_rule.elasticache_inbound",
            "module.vpc.aws_network_acl_rule.elasticache_outbound",
            "module.vpc.aws_network_acl_rule.intra_inbound",
            "module.vpc.aws_network_acl_rule.intra_outbound",
            "module.vpc.aws_network_acl_rule.outpost_inbound",
            "module.vpc.aws_network_acl_rule.outpost_outbound",
            "module.vpc.aws_network_acl_rule.private_inbound",
            "module.vpc.aws_network_acl_rule.private_outbound",
            "module.vpc.aws_network_acl_rule.public_inbound",
            "module.vpc.aws_network_acl_rule.public_outbound",
            "module.vpc.aws_network_acl_rule.redshift_inbound",
            "module.vpc.aws_network_acl_rule.redshift_outbound",
            "module.vpc.aws_redshift_subnet_group.redshift",
            "module.vpc.aws_route.database_internet_gateway",
            "module.vpc.aws_route.database_ipv6_egress",
            "module.vpc.aws_route.database_nat_gateway",
            "module.vpc.aws_route.private_ipv6_egress",
            "module.vpc.aws_route.private_nat_gateway",
            "module.vpc.aws_route.public_internet_gateway",
            "module.vpc.aws_route.public_internet_gateway_ipv6",
            "module.vpc.aws_route_table.database",
            "module.vpc.aws_route_table.elasticache",
            "module.vpc.aws_route_table.intra",
            "module.vpc.aws_route_table.private",
            "module.vpc.aws_route_table.public",
            "module.vpc.aws_route_table.redshift",
            "module.vpc.aws_route_table_association.database",
            "module.vpc.aws_route_table_association.elasticache",
            "module.vpc.aws_route_table_association.intra",
            "module.vpc.aws_route_table_association.outpost",
            "module.vpc.aws_route_table_association.private",
            "module.vpc.aws_route_table_association.public",
            "module.vpc.aws_route_table_association.redshift",
            "module.vpc.aws_route_table_association.redshift_public",
            "module.vpc.aws_subnet.database",
            "module.vpc.aws_subnet.elasticache",
            "module.vpc.aws_subnet.intra",
            "module.vpc.aws_subnet.outpost",
            "module.vpc.aws_subnet.private",
            "module.vpc.aws_subnet.public",
            "module.vpc.aws_subnet.redshift",
            "module.vpc.aws_vpc.this",
            "module.vpc.aws_vpc_dhcp_options.this",
            "module.vpc.aws_vpc_dhcp_options_association.this",
            "module.vpc.aws_vpc_ipv4_cidr_block_association.this",
            "module.vpc.aws_vpn_gateway.this",
            "module.vpc.aws_vpn_gateway_attachment.this",
            "module.vpc.aws_vpn_gateway_route_propagation.intra",
            "module.vpc.aws_vpn_gateway_route_propagation.private",
            "module.vpc.aws_vpn_gateway_route_propagation.public",
            "module.vpc.data.aws_iam_policy_document.flow_log_cloudwatch_assume_role",
            "module.vpc.data.aws_iam_policy_document.vpc_flow_log_cloudwatch"
          ]
        }
      ]
    },
    {
      "module": "module.vpc",
      "mode": "managed",
      "type": "aws_eip",
      "name": "nat",
      "provider": "provider[\"registry.terraform.io/hashicorp/aws\"]",
      "instances": [
        {
          "index_key": 0,
          "schema_version": 0,
          "attributes": {
            "address": null,
            "allocation_id": "eipalloc-0e08a3af9648eb415",
            "associate_with_private_ip": null,
            "association_id": "",
            "carrier_ip": "",
            "customer_owned_ip": "",
            "customer_owned_ipv4_pool": "",
            "domain": "vpc",
            "id": "eipalloc-0e08a3af9648eb415",
            "instance": "",
            "network_border_group": "us-east-1",
            "network_interface": "",
            "private_dns": null,
            "private_ip": "",
            "public_dns": "ec2-3-212-214-112.compute-1.amazonaws.com",
            "public_ip": "3.212.214.112",
            "public_ipv4_pool": "amazon",
            "tags": {
              "Name": "VPC-us-east-1a"
            },
            "tags_all": {
              "Name": "VPC-us-east-1a"
            },
            "timeouts": null,
            "vpc": true
          },
          "sensitive_attributes": [],
          "private": "eyJlMmJmYjczMC1lY2FhLTExZTYtOGY4OC0zNDM2M2JjN2M0YzAiOnsiZGVsZXRlIjoxODAwMDAwMDAwMDAsInJlYWQiOjkwMDAwMDAwMDAwMCwidXBkYXRlIjozMDAwMDAwMDAwMDB9fQ=="
        }
      ]
    },
    {
      "module": "module.vpc",
      "mode": "managed",
      "type": "aws_internet_gateway",
      "name": "this",
      "provider": "provider[\"registry.terraform.io/hashicorp/aws\"]",
      "instances": [
        {
          "index_key": 0,
          "schema_version": 0,
          "attributes": {
            "arn": "arn:aws:ec2:us-east-1:928095984044:internet-gateway/igw-037c0772b3f671460",
            "id": "igw-037c0772b3f671460",
            "owner_id": "928095984044",
            "tags": {
              "Name": "VPC"
            },
            "tags_all": {
              "Name": "VPC"
            },
            "timeouts": null,
            "vpc_id": "vpc-0a5a65a15616f222e"
          },
          "sensitive_attributes": [],
          "private": "eyJlMmJmYjczMC1lY2FhLTExZTYtOGY4OC0zNDM2M2JjN2M0YzAiOnsiY3JlYXRlIjoxMjAwMDAwMDAwMDAwLCJkZWxldGUiOjEyMDAwMDAwMDAwMDAsInVwZGF0ZSI6MTIwMDAwMDAwMDAwMH19",
          "dependencies": [
            "module.vpc.aws_vpc.this",
            "module.vpc.aws_vpc_ipv4_cidr_block_association.this"
          ]
        }
      ]
    },
    {
      "module": "module.vpc",
      "mode": "managed",
      "type": "aws_nat_gateway",
      "name": "this",
      "provider": "provider[\"registry.terraform.io/hashicorp/aws\"]",
      "instances": [
        {
          "index_key": 0,
          "schema_version": 0,
          "attributes": {
            "allocation_id": "eipalloc-0e08a3af9648eb415",
            "connectivity_type": "public",
            "id": "nat-08c3a61460bcb9521",
            "network_interface_id": "eni-076e71347fbe7909c",
            "private_ip": "172.23.7.144",
            "public_ip": "3.212.214.112",
            "subnet_id": "subnet-02503aa204776909c",
            "tags": {
              "Name": "caldera-test_natgateway"
            },
            "tags_all": {
              "Name": "caldera-test_natgateway"
            }
          },
          "sensitive_attributes": [],
          "private": "bnVsbA==",
          "dependencies": [
            "module.vpc.aws_eip.nat",
            "module.vpc.aws_internet_gateway.this",
            "module.vpc.aws_subnet.public",
            "module.vpc.aws_vpc.this",
            "module.vpc.aws_vpc_ipv4_cidr_block_association.this"
          ]
        }
      ]
    },
    {
      "module": "module.vpc",
      "mode": "managed",
      "type": "aws_route",
      "name": "private_nat_gateway",
      "provider": "provider[\"registry.terraform.io/hashicorp/aws\"]",
      "instances": [
        {
          "index_key": 0,
          "schema_version": 0,
          "attributes": {
            "carrier_gateway_id": "",
            "core_network_arn": "",
            "destination_cidr_block": "0.0.0.0/0",
            "destination_ipv6_cidr_block": "",
            "destination_prefix_list_id": "",
            "egress_only_gateway_id": "",
            "gateway_id": "",
            "id": "r-rtb-060c51582b7929c451080289494",
            "instance_id": "",
            "instance_owner_id": "",
            "local_gateway_id": "",
            "nat_gateway_id": "nat-08c3a61460bcb9521",
            "network_interface_id": "",
            "origin": "CreateRoute",
            "route_table_id": "rtb-060c51582b7929c45",
            "state": "active",
            "timeouts": {
              "create": "5m",
              "delete": null,
              "update": null
            },
            "transit_gateway_id": "",
            "vpc_endpoint_id": "",
            "vpc_peering_connection_id": ""
          },
          "sensitive_attributes": [],
          "private": "eyJlMmJmYjczMC1lY2FhLTExZTYtOGY4OC0zNDM2M2JjN2M0YzAiOnsiY3JlYXRlIjozMDAwMDAwMDAwMDAsImRlbGV0ZSI6MzAwMDAwMDAwMDAwLCJ1cGRhdGUiOjEyMDAwMDAwMDAwMH19",
          "dependencies": [
            "module.vpc.aws_eip.nat",
            "module.vpc.aws_internet_gateway.this",
            "module.vpc.aws_nat_gateway.this",
            "module.vpc.aws_route_table.private",
            "module.vpc.aws_subnet.public",
            "module.vpc.aws_vpc.this",
            "module.vpc.aws_vpc_ipv4_cidr_block_association.this"
          ]
        }
      ]
    },
    {
      "module": "module.vpc",
      "mode": "managed",
      "type": "aws_route",
      "name": "public_internet_gateway",
      "provider": "provider[\"registry.terraform.io/hashicorp/aws\"]",
      "instances": [
        {
          "index_key": 0,
          "schema_version": 0,
          "attributes": {
            "carrier_gateway_id": "",
            "core_network_arn": "",
            "destination_cidr_block": "0.0.0.0/0",
            "destination_ipv6_cidr_block": "",
            "destination_prefix_list_id": "",
            "egress_only_gateway_id": "",
            "gateway_id": "igw-037c0772b3f671460",
            "id": "r-rtb-0e0289565ef3187291080289494",
            "instance_id": "",
            "instance_owner_id": "",
            "local_gateway_id": "",
            "nat_gateway_id": "",
            "network_interface_id": "",
            "origin": "CreateRoute",
            "route_table_id": "rtb-0e0289565ef318729",
            "state": "active",
            "timeouts": {
              "create": "5m",
              "delete": null,
              "update": null
            },
            "transit_gateway_id": "",
            "vpc_endpoint_id": "",
            "vpc_peering_connection_id": ""
          },
          "sensitive_attributes": [],
          "private": "eyJlMmJmYjczMC1lY2FhLTExZTYtOGY4OC0zNDM2M2JjN2M0YzAiOnsiY3JlYXRlIjozMDAwMDAwMDAwMDAsImRlbGV0ZSI6MzAwMDAwMDAwMDAwLCJ1cGRhdGUiOjEyMDAwMDAwMDAwMH19",
          "dependencies": [
            "module.vpc.aws_internet_gateway.this",
            "module.vpc.aws_route_table.public",
            "module.vpc.aws_vpc.this",
            "module.vpc.aws_vpc_ipv4_cidr_block_association.this"
          ]
        }
      ]
    },
    {
      "module": "module.vpc",
      "mode": "managed",
      "type": "aws_route_table",
      "name": "private",
      "provider": "provider[\"registry.terraform.io/hashicorp/aws\"]",
      "instances": [
        {
          "index_key": 0,
          "schema_version": 0,
          "attributes": {
            "arn": "arn:aws:ec2:us-east-1:928095984044:route-table/rtb-060c51582b7929c45",
            "id": "rtb-060c51582b7929c45",
            "owner_id": "928095984044",
            "propagating_vgws": [],
            "route": [],
            "tags": {
              "Name": "VPC-private"
            },
            "tags_all": {
              "Name": "VPC-private"
            },
            "timeouts": null,
            "vpc_id": "vpc-0a5a65a15616f222e"
          },
          "sensitive_attributes": [],
          "private": "eyJlMmJmYjczMC1lY2FhLTExZTYtOGY4OC0zNDM2M2JjN2M0YzAiOnsiY3JlYXRlIjozMDAwMDAwMDAwMDAsImRlbGV0ZSI6MzAwMDAwMDAwMDAwLCJ1cGRhdGUiOjEyMDAwMDAwMDAwMH19",
          "dependencies": [
            "module.vpc.aws_vpc.this",
            "module.vpc.aws_vpc_ipv4_cidr_block_association.this"
          ]
        }
      ]
    },
    {
      "module": "module.vpc",
      "mode": "managed",
      "type": "aws_route_table",
      "name": "public",
      "provider": "provider[\"registry.terraform.io/hashicorp/aws\"]",
      "instances": [
        {
          "index_key": 0,
          "schema_version": 0,
          "attributes": {
            "arn": "arn:aws:ec2:us-east-1:928095984044:route-table/rtb-0e0289565ef318729",
            "id": "rtb-0e0289565ef318729",
            "owner_id": "928095984044",
            "propagating_vgws": [],
            "route": [],
            "tags": {
              "Name": "VPC-public"
            },
            "tags_all": {
              "Name": "VPC-public"
            },
            "timeouts": null,
            "vpc_id": "vpc-0a5a65a15616f222e"
          },
          "sensitive_attributes": [],
          "private": "eyJlMmJmYjczMC1lY2FhLTExZTYtOGY4OC0zNDM2M2JjN2M0YzAiOnsiY3JlYXRlIjozMDAwMDAwMDAwMDAsImRlbGV0ZSI6MzAwMDAwMDAwMDAwLCJ1cGRhdGUiOjEyMDAwMDAwMDAwMH19",
          "dependencies": [
            "module.vpc.aws_vpc.this",
            "module.vpc.aws_vpc_ipv4_cidr_block_association.this"
          ]
        }
      ]
    },
    {
      "module": "module.vpc",
      "mode": "managed",
      "type": "aws_route_table_association",
      "name": "private",
      "provider": "provider[\"registry.terraform.io/hashicorp/aws\"]",
      "instances": [
        {
          "index_key": 0,
          "schema_version": 0,
          "attributes": {
            "gateway_id": "",
            "id": "rtbassoc-0c4849a302e5ac3c7",
            "route_table_id": "rtb-060c51582b7929c45",
            "subnet_id": "subnet-029512dcf38dbb475"
          },
          "sensitive_attributes": [],
          "private": "bnVsbA==",
          "dependencies": [
            "module.vpc.aws_route_table.private",
            "module.vpc.aws_subnet.private",
            "module.vpc.aws_vpc.this",
            "module.vpc.aws_vpc_ipv4_cidr_block_association.this"
          ]
        },
        {
          "index_key": 1,
          "schema_version": 0,
          "attributes": {
            "gateway_id": "",
            "id": "rtbassoc-04fd4d5e77e61a34e",
            "route_table_id": "rtb-060c51582b7929c45",
            "subnet_id": "subnet-0372c0c7f7b377b27"
          },
          "sensitive_attributes": [],
          "private": "bnVsbA==",
          "dependencies": [
            "module.vpc.aws_route_table.private",
            "module.vpc.aws_subnet.private",
            "module.vpc.aws_vpc.this",
            "module.vpc.aws_vpc_ipv4_cidr_block_association.this"
          ]
        },
        {
          "index_key": 2,
          "schema_version": 0,
          "attributes": {
            "gateway_id": "",
            "id": "rtbassoc-0ac4aed2b0afe30fc",
            "route_table_id": "rtb-060c51582b7929c45",
            "subnet_id": "subnet-0184cc245f872f522"
          },
          "sensitive_attributes": [],
          "private": "bnVsbA==",
          "dependencies": [
            "module.vpc.aws_route_table.private",
            "module.vpc.aws_subnet.private",
            "module.vpc.aws_vpc.this",
            "module.vpc.aws_vpc_ipv4_cidr_block_association.this"
          ]
        },
        {
          "index_key": 3,
          "schema_version": 0,
          "attributes": {
            "gateway_id": "",
            "id": "rtbassoc-039d244c6ad6e30f8",
            "route_table_id": "rtb-060c51582b7929c45",
            "subnet_id": "subnet-05f408015b7f92458"
          },
          "sensitive_attributes": [],
          "private": "bnVsbA==",
          "dependencies": [
            "module.vpc.aws_route_table.private",
            "module.vpc.aws_subnet.private",
            "module.vpc.aws_vpc.this",
            "module.vpc.aws_vpc_ipv4_cidr_block_association.this"
          ]
        },
        {
          "index_key": 4,
          "schema_version": 0,
          "attributes": {
            "gateway_id": "",
            "id": "rtbassoc-0fa781f230387a03c",
            "route_table_id": "rtb-060c51582b7929c45",
            "subnet_id": "subnet-061f6c0605e6be7d7"
          },
          "sensitive_attributes": [],
          "private": "bnVsbA==",
          "dependencies": [
            "module.vpc.aws_route_table.private",
            "module.vpc.aws_subnet.private",
            "module.vpc.aws_vpc.this",
            "module.vpc.aws_vpc_ipv4_cidr_block_association.this"
          ]
        }
      ]
    },
    {
      "module": "module.vpc",
      "mode": "managed",
      "type": "aws_route_table_association",
      "name": "public",
      "provider": "provider[\"registry.terraform.io/hashicorp/aws\"]",
      "instances": [
        {
          "index_key": 0,
          "schema_version": 0,
          "attributes": {
            "gateway_id": "",
            "id": "rtbassoc-07fdae7276f49c3bf",
            "route_table_id": "rtb-0e0289565ef318729",
            "subnet_id": "subnet-02503aa204776909c"
          },
          "sensitive_attributes": [],
          "private": "bnVsbA==",
          "dependencies": [
            "module.vpc.aws_route_table.public",
            "module.vpc.aws_subnet.public",
            "module.vpc.aws_vpc.this",
            "module.vpc.aws_vpc_ipv4_cidr_block_association.this"
          ]
        },
        {
          "index_key": 1,
          "schema_version": 0,
          "attributes": {
            "gateway_id": "",
            "id": "rtbassoc-078494032ab0f7ee9",
            "route_table_id": "rtb-0e0289565ef318729",
            "subnet_id": "subnet-0cd70f703ffe5d756"
          },
          "sensitive_attributes": [],
          "private": "bnVsbA==",
          "dependencies": [
            "module.vpc.aws_route_table.public",
            "module.vpc.aws_subnet.public",
            "module.vpc.aws_vpc.this",
            "module.vpc.aws_vpc_ipv4_cidr_block_association.this"
          ]
        },
        {
          "index_key": 2,
          "schema_version": 0,
          "attributes": {
            "gateway_id": "",
            "id": "rtbassoc-04cf561026d66b955",
            "route_table_id": "rtb-0e0289565ef318729",
            "subnet_id": "subnet-0bcc3ea807a45b943"
          },
          "sensitive_attributes": [],
          "private": "bnVsbA==",
          "dependencies": [
            "module.vpc.aws_route_table.public",
            "module.vpc.aws_subnet.public",
            "module.vpc.aws_vpc.this",
            "module.vpc.aws_vpc_ipv4_cidr_block_association.this"
          ]
        },
        {
          "index_key": 3,
          "schema_version": 0,
          "attributes": {
            "gateway_id": "",
            "id": "rtbassoc-06cf693d16a8d7a92",
            "route_table_id": "rtb-0e0289565ef318729",
            "subnet_id": "subnet-093c9e754fb935500"
          },
          "sensitive_attributes": [],
          "private": "bnVsbA==",
          "dependencies": [
            "module.vpc.aws_route_table.public",
            "module.vpc.aws_subnet.public",
            "module.vpc.aws_vpc.this",
            "module.vpc.aws_vpc_ipv4_cidr_block_association.this"
          ]
        },
        {
          "index_key": 4,
          "schema_version": 0,
          "attributes": {
            "gateway_id": "",
            "id": "rtbassoc-059db32ccc94f2851",
            "route_table_id": "rtb-0e0289565ef318729",
            "subnet_id": "subnet-063dda0ef03f73df2"
          },
          "sensitive_attributes": [],
          "private": "bnVsbA==",
          "dependencies": [
            "module.vpc.aws_route_table.public",
            "module.vpc.aws_subnet.public",
            "module.vpc.aws_vpc.this",
            "module.vpc.aws_vpc_ipv4_cidr_block_association.this"
          ]
        }
      ]
    },
    {
      "module": "module.vpc",
      "mode": "managed",
      "type": "aws_subnet",
      "name": "private",
      "provider": "provider[\"registry.terraform.io/hashicorp/aws\"]",
      "instances": [
        {
          "index_key": 0,
          "schema_version": 1,
          "attributes": {
            "arn": "arn:aws:ec2:us-east-1:928095984044:subnet/subnet-029512dcf38dbb475",
            "assign_ipv6_address_on_creation": false,
            "availability_zone": "us-east-1a",
            "availability_zone_id": "use1-az4",
            "cidr_block": "172.23.0.0/22",
            "customer_owned_ipv4_pool": "",
            "enable_dns64": false,
            "enable_resource_name_dns_a_record_on_launch": false,
            "enable_resource_name_dns_aaaa_record_on_launch": false,
            "id": "subnet-029512dcf38dbb475",
            "ipv6_cidr_block": "",
            "ipv6_cidr_block_association_id": "",
            "ipv6_native": false,
            "map_customer_owned_ip_on_launch": false,
            "map_public_ip_on_launch": false,
            "outpost_arn": "",
            "owner_id": "928095984044",
            "private_dns_hostname_type_on_launch": "ip-name",
            "tags": {
              "Name": "caldera-test_private"
            },
            "tags_all": {
              "Name": "caldera-test_private"
            },
            "timeouts": null,
            "vpc_id": "vpc-0a5a65a15616f222e"
          },
          "sensitive_attributes": [],
          "private": "eyJlMmJmYjczMC1lY2FhLTExZTYtOGY4OC0zNDM2M2JjN2M0YzAiOnsiY3JlYXRlIjo2MDAwMDAwMDAwMDAsImRlbGV0ZSI6MTIwMDAwMDAwMDAwMH0sInNjaGVtYV92ZXJzaW9uIjoiMSJ9",
          "dependencies": [
            "module.vpc.aws_vpc.this",
            "module.vpc.aws_vpc_ipv4_cidr_block_association.this"
          ]
        },
        {
          "index_key": 1,
          "schema_version": 1,
          "attributes": {
            "arn": "arn:aws:ec2:us-east-1:928095984044:subnet/subnet-0372c0c7f7b377b27",
            "assign_ipv6_address_on_creation": false,
            "availability_zone": "us-east-1b",
            "availability_zone_id": "use1-az6",
            "cidr_block": "172.23.32.0/22",
            "customer_owned_ipv4_pool": "",
            "enable_dns64": false,
            "enable_resource_name_dns_a_record_on_launch": false,
            "enable_resource_name_dns_aaaa_record_on_launch": false,
            "id": "subnet-0372c0c7f7b377b27",
            "ipv6_cidr_block": "",
            "ipv6_cidr_block_association_id": "",
            "ipv6_native": false,
            "map_customer_owned_ip_on_launch": false,
            "map_public_ip_on_launch": false,
            "outpost_arn": "",
            "owner_id": "928095984044",
            "private_dns_hostname_type_on_launch": "ip-name",
            "tags": {
              "Name": "caldera-test_private"
            },
            "tags_all": {
              "Name": "caldera-test_private"
            },
            "timeouts": null,
            "vpc_id": "vpc-0a5a65a15616f222e"
          },
          "sensitive_attributes": [],
          "private": "eyJlMmJmYjczMC1lY2FhLTExZTYtOGY4OC0zNDM2M2JjN2M0YzAiOnsiY3JlYXRlIjo2MDAwMDAwMDAwMDAsImRlbGV0ZSI6MTIwMDAwMDAwMDAwMH0sInNjaGVtYV92ZXJzaW9uIjoiMSJ9",
          "dependencies": [
            "module.vpc.aws_vpc.this",
            "module.vpc.aws_vpc_ipv4_cidr_block_association.this"
          ]
        },
        {
          "index_key": 2,
          "schema_version": 1,
          "attributes": {
            "arn": "arn:aws:ec2:us-east-1:928095984044:subnet/subnet-0184cc245f872f522",
            "assign_ipv6_address_on_creation": false,
            "availability_zone": "us-east-1c",
            "availability_zone_id": "use1-az1",
            "cidr_block": "172.23.64.0/22",
            "customer_owned_ipv4_pool": "",
            "enable_dns64": false,
            "enable_resource_name_dns_a_record_on_launch": false,
            "enable_resource_name_dns_aaaa_record_on_launch": false,
            "id": "subnet-0184cc245f872f522",
            "ipv6_cidr_block": "",
            "ipv6_cidr_block_association_id": "",
            "ipv6_native": false,
            "map_customer_owned_ip_on_launch": false,
            "map_public_ip_on_launch": false,
            "outpost_arn": "",
            "owner_id": "928095984044",
            "private_dns_hostname_type_on_launch": "ip-name",
            "tags": {
              "Name": "caldera-test_private"
            },
            "tags_all": {
              "Name": "caldera-test_private"
            },
            "timeouts": null,
            "vpc_id": "vpc-0a5a65a15616f222e"
          },
          "sensitive_attributes": [],
          "private": "eyJlMmJmYjczMC1lY2FhLTExZTYtOGY4OC0zNDM2M2JjN2M0YzAiOnsiY3JlYXRlIjo2MDAwMDAwMDAwMDAsImRlbGV0ZSI6MTIwMDAwMDAwMDAwMH0sInNjaGVtYV92ZXJzaW9uIjoiMSJ9",
          "dependencies": [
            "module.vpc.aws_vpc.this",
            "module.vpc.aws_vpc_ipv4_cidr_block_association.this"
          ]
        },
        {
          "index_key": 3,
          "schema_version": 1,
          "attributes": {
            "arn": "arn:aws:ec2:us-east-1:928095984044:subnet/subnet-05f408015b7f92458",
            "assign_ipv6_address_on_creation": false,
            "availability_zone": "us-east-1d",
            "availability_zone_id": "use1-az2",
            "cidr_block": "172.23.96.0/22",
            "customer_owned_ipv4_pool": "",
            "enable_dns64": false,
            "enable_resource_name_dns_a_record_on_launch": false,
            "enable_resource_name_dns_aaaa_record_on_launch": false,
            "id": "subnet-05f408015b7f92458",
            "ipv6_cidr_block": "",
            "ipv6_cidr_block_association_id": "",
            "ipv6_native": false,
            "map_customer_owned_ip_on_launch": false,
            "map_public_ip_on_launch": false,
            "outpost_arn": "",
            "owner_id": "928095984044",
            "private_dns_hostname_type_on_launch": "ip-name",
            "tags": {
              "Name": "caldera-test_private"
            },
            "tags_all": {
              "Name": "caldera-test_private"
            },
            "timeouts": null,
            "vpc_id": "vpc-0a5a65a15616f222e"
          },
          "sensitive_attributes": [],
          "private": "eyJlMmJmYjczMC1lY2FhLTExZTYtOGY4OC0zNDM2M2JjN2M0YzAiOnsiY3JlYXRlIjo2MDAwMDAwMDAwMDAsImRlbGV0ZSI6MTIwMDAwMDAwMDAwMH0sInNjaGVtYV92ZXJzaW9uIjoiMSJ9",
          "dependencies": [
            "module.vpc.aws_vpc.this",
            "module.vpc.aws_vpc_ipv4_cidr_block_association.this"
          ]
        },
        {
          "index_key": 4,
          "schema_version": 1,
          "attributes": {
            "arn": "arn:aws:ec2:us-east-1:928095984044:subnet/subnet-061f6c0605e6be7d7",
            "assign_ipv6_address_on_creation": false,
            "availability_zone": "us-east-1f",
            "availability_zone_id": "use1-az5",
            "cidr_block": "172.23.160.0/22",
            "customer_owned_ipv4_pool": "",
            "enable_dns64": false,
            "enable_resource_name_dns_a_record_on_launch": false,
            "enable_resource_name_dns_aaaa_record_on_launch": false,
            "id": "subnet-061f6c0605e6be7d7",
            "ipv6_cidr_block": "",
            "ipv6_cidr_block_association_id": "",
            "ipv6_native": false,
            "map_customer_owned_ip_on_launch": false,
            "map_public_ip_on_launch": false,
            "outpost_arn": "",
            "owner_id": "928095984044",
            "private_dns_hostname_type_on_launch": "ip-name",
            "tags": {
              "Name": "caldera-test_private"
            },
            "tags_all": {
              "Name": "caldera-test_private"
            },
            "timeouts": null,
            "vpc_id": "vpc-0a5a65a15616f222e"
          },
          "sensitive_attributes": [],
          "private": "eyJlMmJmYjczMC1lY2FhLTExZTYtOGY4OC0zNDM2M2JjN2M0YzAiOnsiY3JlYXRlIjo2MDAwMDAwMDAwMDAsImRlbGV0ZSI6MTIwMDAwMDAwMDAwMH0sInNjaGVtYV92ZXJzaW9uIjoiMSJ9",
          "dependencies": [
            "module.vpc.aws_vpc.this",
            "module.vpc.aws_vpc_ipv4_cidr_block_association.this"
          ]
        }
      ]
    },
    {
      "module": "module.vpc",
      "mode": "managed",
      "type": "aws_subnet",
      "name": "public",
      "provider": "provider[\"registry.terraform.io/hashicorp/aws\"]",
      "instances": [
        {
          "index_key": 0,
          "schema_version": 1,
          "attributes": {
            "arn": "arn:aws:ec2:us-east-1:928095984044:subnet/subnet-02503aa204776909c",
            "assign_ipv6_address_on_creation": false,
            "availability_zone": "us-east-1a",
            "availability_zone_id": "use1-az4",
            "cidr_block": "172.23.4.0/22",
            "customer_owned_ipv4_pool": "",
            "enable_dns64": false,
            "enable_resource_name_dns_a_record_on_launch": false,
            "enable_resource_name_dns_aaaa_record_on_launch": false,
            "id": "subnet-02503aa204776909c",
            "ipv6_cidr_block": "",
            "ipv6_cidr_block_association_id": "",
            "ipv6_native": false,
            "map_customer_owned_ip_on_launch": false,
            "map_public_ip_on_launch": true,
            "outpost_arn": "",
            "owner_id": "928095984044",
            "private_dns_hostname_type_on_launch": "ip-name",
            "tags": {
              "Name": "caldera-test_public"
            },
            "tags_all": {
              "Name": "caldera-test_public"
            },
            "timeouts": null,
            "vpc_id": "vpc-0a5a65a15616f222e"
          },
          "sensitive_attributes": [],
          "private": "eyJlMmJmYjczMC1lY2FhLTExZTYtOGY4OC0zNDM2M2JjN2M0YzAiOnsiY3JlYXRlIjo2MDAwMDAwMDAwMDAsImRlbGV0ZSI6MTIwMDAwMDAwMDAwMH0sInNjaGVtYV92ZXJzaW9uIjoiMSJ9",
          "dependencies": [
            "module.vpc.aws_vpc.this",
            "module.vpc.aws_vpc_ipv4_cidr_block_association.this"
          ]
        },
        {
          "index_key": 1,
          "schema_version": 1,
          "attributes": {
            "arn": "arn:aws:ec2:us-east-1:928095984044:subnet/subnet-0cd70f703ffe5d756",
            "assign_ipv6_address_on_creation": false,
            "availability_zone": "us-east-1b",
            "availability_zone_id": "use1-az6",
            "cidr_block": "172.23.36.0/22",
            "customer_owned_ipv4_pool": "",
            "enable_dns64": false,
            "enable_resource_name_dns_a_record_on_launch": false,
            "enable_resource_name_dns_aaaa_record_on_launch": false,
            "id": "subnet-0cd70f703ffe5d756",
            "ipv6_cidr_block": "",
            "ipv6_cidr_block_association_id": "",
            "ipv6_native": false,
            "map_customer_owned_ip_on_launch": false,
            "map_public_ip_on_launch": true,
            "outpost_arn": "",
            "owner_id": "928095984044",
            "private_dns_hostname_type_on_launch": "ip-name",
            "tags": {
              "Name": "caldera-test_public"
            },
            "tags_all": {
              "Name": "caldera-test_public"
            },
            "timeouts": null,
            "vpc_id": "vpc-0a5a65a15616f222e"
          },
          "sensitive_attributes": [],
          "private": "eyJlMmJmYjczMC1lY2FhLTExZTYtOGY4OC0zNDM2M2JjN2M0YzAiOnsiY3JlYXRlIjo2MDAwMDAwMDAwMDAsImRlbGV0ZSI6MTIwMDAwMDAwMDAwMH0sInNjaGVtYV92ZXJzaW9uIjoiMSJ9",
          "dependencies": [
            "module.vpc.aws_vpc.this",
            "module.vpc.aws_vpc_ipv4_cidr_block_association.this"
          ]
        },
        {
          "index_key": 2,
          "schema_version": 1,
          "attributes": {
            "arn": "arn:aws:ec2:us-east-1:928095984044:subnet/subnet-0bcc3ea807a45b943",
            "assign_ipv6_address_on_creation": false,
            "availability_zone": "us-east-1c",
            "availability_zone_id": "use1-az1",
            "cidr_block": "172.23.68.0/22",
            "customer_owned_ipv4_pool": "",
            "enable_dns64": false,
            "enable_resource_name_dns_a_record_on_launch": false,
            "enable_resource_name_dns_aaaa_record_on_launch": false,
            "id": "subnet-0bcc3ea807a45b943",
            "ipv6_cidr_block": "",
            "ipv6_cidr_block_association_id": "",
            "ipv6_native": false,
            "map_customer_owned_ip_on_launch": false,
            "map_public_ip_on_launch": true,
            "outpost_arn": "",
            "owner_id": "928095984044",
            "private_dns_hostname_type_on_launch": "ip-name",
            "tags": {
              "Name": "caldera-test_public"
            },
            "tags_all": {
              "Name": "caldera-test_public"
            },
            "timeouts": null,
            "vpc_id": "vpc-0a5a65a15616f222e"
          },
          "sensitive_attributes": [],
          "private": "eyJlMmJmYjczMC1lY2FhLTExZTYtOGY4OC0zNDM2M2JjN2M0YzAiOnsiY3JlYXRlIjo2MDAwMDAwMDAwMDAsImRlbGV0ZSI6MTIwMDAwMDAwMDAwMH0sInNjaGVtYV92ZXJzaW9uIjoiMSJ9",
          "dependencies": [
            "module.vpc.aws_vpc.this",
            "module.vpc.aws_vpc_ipv4_cidr_block_association.this"
          ]
        },
        {
          "index_key": 3,
          "schema_version": 1,
          "attributes": {
            "arn": "arn:aws:ec2:us-east-1:928095984044:subnet/subnet-093c9e754fb935500",
            "assign_ipv6_address_on_creation": false,
            "availability_zone": "us-east-1d",
            "availability_zone_id": "use1-az2",
            "cidr_block": "172.23.100.0/22",
            "customer_owned_ipv4_pool": "",
            "enable_dns64": false,
            "enable_resource_name_dns_a_record_on_launch": false,
            "enable_resource_name_dns_aaaa_record_on_launch": false,
            "id": "subnet-093c9e754fb935500",
            "ipv6_cidr_block": "",
            "ipv6_cidr_block_association_id": "",
            "ipv6_native": false,
            "map_customer_owned_ip_on_launch": false,
            "map_public_ip_on_launch": true,
            "outpost_arn": "",
            "owner_id": "928095984044",
            "private_dns_hostname_type_on_launch": "ip-name",
            "tags": {
              "Name": "caldera-test_public"
            },
            "tags_all": {
              "Name": "caldera-test_public"
            },
            "timeouts": null,
            "vpc_id": "vpc-0a5a65a15616f222e"
          },
          "sensitive_attributes": [],
          "private": "eyJlMmJmYjczMC1lY2FhLTExZTYtOGY4OC0zNDM2M2JjN2M0YzAiOnsiY3JlYXRlIjo2MDAwMDAwMDAwMDAsImRlbGV0ZSI6MTIwMDAwMDAwMDAwMH0sInNjaGVtYV92ZXJzaW9uIjoiMSJ9",
          "dependencies": [
            "module.vpc.aws_vpc.this",
            "module.vpc.aws_vpc_ipv4_cidr_block_association.this"
          ]
        },
        {
          "index_key": 4,
          "schema_version": 1,
          "attributes": {
            "arn": "arn:aws:ec2:us-east-1:928095984044:subnet/subnet-063dda0ef03f73df2",
            "assign_ipv6_address_on_creation": false,
            "availability_zone": "us-east-1f",
            "availability_zone_id": "use1-az5",
            "cidr_block": "172.23.164.0/22",
            "customer_owned_ipv4_pool": "",
            "enable_dns64": false,
            "enable_resource_name_dns_a_record_on_launch": false,
            "enable_resource_name_dns_aaaa_record_on_launch": false,
            "id": "subnet-063dda0ef03f73df2",
            "ipv6_cidr_block": "",
            "ipv6_cidr_block_association_id": "",
            "ipv6_native": false,
            "map_customer_owned_ip_on_launch": false,
            "map_public_ip_on_launch": true,
            "outpost_arn": "",
            "owner_id": "928095984044",
            "private_dns_hostname_type_on_launch": "ip-name",
            "tags": {
              "Name": "caldera-test_public"
            },
            "tags_all": {
              "Name": "caldera-test_public"
            },
            "timeouts": null,
            "vpc_id": "vpc-0a5a65a15616f222e"
          },
          "sensitive_attributes": [],
          "private": "eyJlMmJmYjczMC1lY2FhLTExZTYtOGY4OC0zNDM2M2JjN2M0YzAiOnsiY3JlYXRlIjo2MDAwMDAwMDAwMDAsImRlbGV0ZSI6MTIwMDAwMDAwMDAwMH0sInNjaGVtYV92ZXJzaW9uIjoiMSJ9",
          "dependencies": [
            "module.vpc.aws_vpc.this",
            "module.vpc.aws_vpc_ipv4_cidr_block_association.this"
          ]
        }
      ]
    },
    {
      "module": "module.vpc",
      "mode": "managed",
      "type": "aws_vpc",
      "name": "this",
      "provider": "provider[\"registry.terraform.io/hashicorp/aws\"]",
      "instances": [
        {
          "index_key": 0,
          "schema_version": 1,
          "attributes": {
            "arn": "arn:aws:ec2:us-east-1:928095984044:vpc/vpc-0a5a65a15616f222e",
            "assign_generated_ipv6_cidr_block": false,
            "cidr_block": "172.23.0.0/16",
            "default_network_acl_id": "acl-02d015abd47adab7d",
            "default_route_table_id": "rtb-0db31a19e709fd6cf",
            "default_security_group_id": "sg-079725198d1283e4e",
            "dhcp_options_id": "dopt-0ca7dd6386f588cff",
            "enable_classiclink": false,
            "enable_classiclink_dns_support": false,
            "enable_dns_hostnames": true,
            "enable_dns_support": true,
            "id": "vpc-0a5a65a15616f222e",
            "instance_tenancy": "default",
            "ipv4_ipam_pool_id": null,
            "ipv4_netmask_length": null,
            "ipv6_association_id": "",
            "ipv6_cidr_block": "",
            "ipv6_cidr_block_network_border_group": "",
            "ipv6_ipam_pool_id": "",
            "ipv6_netmask_length": 0,
            "main_route_table_id": "rtb-0db31a19e709fd6cf",
            "owner_id": "928095984044",
            "tags": {
              "Name": "VPC"
            },
            "tags_all": {
              "Name": "VPC"
            }
          },
          "sensitive_attributes": [],
          "private": "eyJzY2hlbWFfdmVyc2lvbiI6IjEifQ=="
        }
      ]
    }
  ]
}
