{
  "version": 4,
  "terraform_version": "1.2.4",
  "serial": 33,
  "lineage": "073521cc-d402-7939-1802-98da64dab573",
  "outputs": {
    "caldera_server_id": {
      "value": "i-0dd21ef05a233b74d",
      "type": "string"
    },
    "caldera_server_ip": {
      "value": "54.224.12.95",
      "type": "string"
    },
    "rsa_private_key": {
      "value": "-----BEGIN RSA PRIVATE KEY-----\nMIIJKAIBAAKCAgEAyB8B2r4ieJPk5Vpp1xCGwpdkn2mOJxEWJMQu6ZbSvSbWU7zs\n9XpYd5h0qSZ1GG3Tx0A2diIFYZtEI88BkeMOKGiTnPxoo/6i072qA85k6L38AeBU\nbsi59xzXpyZgF6A66xloSQPtKG24L9yaLKZWvV8XNBTM3rjxNBmNkw3YqrlyzLhp\ntsPZYxPxhhl4X6tJdR/JGo9jc+6im/f8De+3WNK4tn2iYmezeirdLmJH94szb/jF\nim5/OMDI0rOlP78nGtNEEYKE33uLfB/vQ1dNxp98groO4cOLNqP6yOVNB2mhER+v\nRv3CSFGsgzp+2MwLfWbYooxrKlWQH+fS60YtTA3VkJlCjbdPSqDh9dhDqrrTO51g\nbebeFmNPHIssw7Hcwk/JWW2BdPuTk3Q/c1BHQh7j1+ts0VPmNUVpyj1ybxS32+S8\nC963842THSxesGOG/dBci9uB05CGuCgazq6HoqVSjiGMnBjWyTPatLPqliMY1rWB\np8dTMTaUrGRBb0VQ76KHBWZ1Chj5mOmjMm4SW8/Kej4zSrcN1poOAH7homIYfYKc\nc0m2+ae3IfrYZxoIV8RIoqWL+uTy7ROj/YbsdE6C410pxDR9VeejWZXo/MJGmh1g\nUOg1LLqzCvBd3zh4SXsGMojmXQYOTIeUf+Ll1lAlk4uz8ID6bQ73GyGcIT0CAwEA\nAQKCAgAt8/jQCwMNXyCbjfRp3zCitHL1rB5pWCIWlToUh36i0q06k1JyWALCi66W\nPO98iZOs2FDpNYy4yheOhXVd056npsPms4svxUQMjSviLd28GAwrPiEFQ3B4jxXy\nGvzL0A5XeAEbaxxlQTSfQO/iOtwGJjTEz9XvetZgWVHKJ87N/UGgQuR7hGOBvc2j\nNmwOw91dWMwsHir/LxgF6p7lcFtQuSqTNSw5noh3ECq0APt3m25XUu/BhvgNxy8W\nOwxCJBnNrh+eSbNLQipYeVjOxNhmOK81sZXDP8zS4jqvMQBMKHRE41qzWYfoZWDQ\nzXjdPZWR2TD7unTNRtKOkQQ85GN4AGtGLBd5s/9cpyHlNXXAqmUdOzTsKS1e/Ygz\niYyRwIZNTVkZAnj261qTbedLrrslrJtVQMt92ikChAvE89pRaNbL37bFY055PMSE\nl8vO2ucrc3fqr1VAdzj2sA/vHl8fNjwGVEsSQOSy9JLOBb3ReyM4xbItL69ZuwBK\ntXElEFfF0szfvqvYPGVuv0oSynh5visoKpqSvILqb6sDpRaBm8r6Ap3jJIHJ0ejq\nGz+pcxl21aAKHhyy5NBDbJTth6tmQIJoKl1T4yodsl/pMANN7Vj4L/Md3o6u1m00\nJSedppNGtTCsFmpP3x/HhXnY9t9RSg2DoPfR7USFT2foDf6p4QKCAQEA3xZMSruX\nuYCBmQubcNjsG7M725rGCOjc+npPndS5TcpfQa4+p2PrKL1WiqFlSkvi9Hol3RcS\n/nw0cAUTAsBiAyrInX6y9T1i0g/96MfvRQG8R61cqmQIqpGmj3pVH+JUA6g7Yd0Z\nf1Nsecu7Ipi23J0DpCe83GQKCURarnGOq7ljCu3jLuvNQ0WDbiO/FuWj6ygnyGoi\nLnsqJU3xJ+uThVtXHsfyh65JpHfQ1l5lBmhl04zYwmt+d3ulz2Fl14+1gHsYwp/G\nCUpuoTdj8LVpdeFROKM43ut/z3+kzQkoUFKrzkwCzQNH/S0cre66JRnEQJr5RLjr\nuos6NSNUa7U+eQKCAQEA5aVQmXvsl+BLrzeZiwnzB786seXrZj3kj06do/klxvTX\nc3OBUve7qSJdxRUN8Bdu41t+X8V6dx2LPCK2dASvvjXQMeE2pn3OI2/pFA2VM5Rw\n3W1mWscSy83PA6rHzZUrs6ABQpz5zAlyPb7XrBkV2QFc9gyfCJeoa9z4zDfXLz3L\nukWd7etGL9EekjGW4mxJAPnsbn4QyNjG+8J4XU3BY32moGQuyrGaKJdZX4JQjYt2\n/+ja+xTmwVhQa9bGN5r5J4gYOqxRI/gU1udU25Pb9W/J2yOjzhRsjAGHnBjFS4KP\nStsh2fSzZox17nrYj3icgfp5GPDdZJiPTrTxu7l35QKCAQEAwxKBddvhyYDYUla2\n/o+Arpwk3FvTjVjqWlB3rCCmRKKQdyOBf+e8auxdb22/357J/1OMJm8V2dgMFmQp\ngn9tdS2FLUrr+8xIzDzVnyatUB87X0X1wL0mYthn2BB1vSKwql4CRwoKUK9HLJ18\nrrzxMapO0803tVP4/q95yA5eXkUGmTj5Lj9dRtTTH408fC4kDu4XE4XTC+gBK4uj\nM3AomDUN0kmvBvvdQ2bOA5WZK2hAmiMQK7nJZXuGuveFEWCFqqp5NT528grXADwq\nNQK9DCoRVsBLa4psQapxFiVKzinsN8F5tYGIApfe+yzEMsr8NC4PiAtXfdBe/rY9\nDM34qQKCAQBN8Ny5KwEyztKBJoq7UOYmM/YU2OcbLVh8dv8z3uS+cO0K5yH2adRM\nZDiVIj83xIxDKBNtJ9YXxXQzNcjc+ZY4JYWC2GA3A63KAzqFLtL7zZ682FuL5dLw\nTuq64OStVrqdXWnwFN0HLhGS+UmzxFPQ8hB+BeyX+vkTmszqau1iwEN79hLS5C5P\nHleU4LXIJV5lsW1YVvsVX9WxLuCxMim3vbam6zmiW8LpkeyoaM80Kyh5VKu12fMz\nnei1oRBnYPa9PwiSKVfksFdKVPtNBxL5azaEZMU8tVvd7Mr85L9ZkHdXvaXwloeo\n/3UrOpBzqUjdKIifOWi6sri4ytrcjuctAoIBAHbBdOACUo+CJTSF0yWcKsns5ZPV\nLYs3heZOpIQoMTcyhR8XO5M3lJR4mis6kGFh16b2H7Jz9E4V84jSh05IfpWLshxj\nC5xcRF1QvoMOLJ67hU9w6E1Oj2O45/hdF26Lv6hE0RFxNQSqafMPg1K7Slj+i7xG\nX+RbIZVTZPBEuG0yZTY3XeDYU4Oso+Bcb/iMCfTeyNuzK4S1U42W3pH+pWq9HWCS\n1sPQOGjTEzJvymIEQxNMKDH0vCQ+eCvXUrwYH4+f/lvgS8fc8Z4LlcDSsUkV5cAA\nxlCCRkTCU0CRcL9gOyWP/HWe8VQsr61+0eVoKY09qs+onymZpuTyy9DB3qw=\n-----END RSA PRIVATE KEY-----\n",
      "type": "string"
    }
  },
  "resources": [
    {
      "mode": "managed",
      "type": "aws_instance",
      "name": "caldera_server",
      "provider": "provider[\"registry.terraform.io/hashicorp/aws\"]",
      "instances": [
        {
          "schema_version": 1,
          "attributes": {
            "ami": "ami-09d56f8956ab235b3",
            "arn": "arn:aws:ec2:us-east-1:196302683510:instance/i-0dd21ef05a233b74d",
            "associate_public_ip_address": true,
            "availability_zone": "us-east-1a",
            "capacity_reservation_specification": [
              {
                "capacity_reservation_preference": "open",
                "capacity_reservation_target": []
              }
            ],
            "cpu_core_count": 1,
            "cpu_threads_per_core": 2,
            "credit_specification": [
              {
                "cpu_credits": "unlimited"
              }
            ],
            "disable_api_stop": false,
            "disable_api_termination": false,
            "ebs_block_device": [],
            "ebs_optimized": false,
            "enclave_options": [
              {
                "enabled": false
              }
            ],
            "ephemeral_block_device": [],
            "get_password_data": false,
            "hibernation": false,
            "host_id": null,
            "host_resource_group_arn": null,
            "iam_instance_profile": "",
            "id": "i-0dd21ef05a233b74d",
            "instance_initiated_shutdown_behavior": "stop",
            "instance_state": "running",
            "instance_type": "t3.medium",
            "ipv6_address_count": 0,
            "ipv6_addresses": [],
            "key_name": "caldera-nodes",
            "launch_template": [],
            "maintenance_options": [
              {
                "auto_recovery": "default"
              }
            ],
            "metadata_options": [
              {
                "http_endpoint": "enabled",
                "http_put_response_hop_limit": 1,
                "http_tokens": "optional",
                "instance_metadata_tags": "disabled"
              }
            ],
            "monitoring": false,
            "network_interface": [],
            "outpost_arn": "",
            "password_data": "",
            "placement_group": "",
            "placement_partition_number": null,
            "primary_network_interface_id": "eni-0bed45b082c68bbaf",
            "private_dns": "ip-172-23-4-95.ec2.internal",
            "private_dns_name_options": [
              {
                "enable_resource_name_dns_a_record": false,
                "enable_resource_name_dns_aaaa_record": false,
                "hostname_type": "ip-name"
              }
            ],
            "private_ip": "172.23.4.95",
            "public_dns": "ec2-54-224-12-95.compute-1.amazonaws.com",
            "public_ip": "54.224.12.95",
            "root_block_device": [
              {
                "delete_on_termination": true,
                "device_name": "/dev/sda1",
                "encrypted": true,
                "iops": 100,
                "kms_key_id": "arn:aws:kms:us-east-1:196302683510:key/ee6ff848-9cba-4e39-8d9b-42bfdcdfd715",
                "tags": {},
                "throughput": 0,
                "volume_id": "vol-0d90ea131cf8eae22",
                "volume_size": 8,
                "volume_type": "gp2"
              }
            ],
            "secondary_private_ips": [],
            "security_groups": [],
            "source_dest_check": true,
            "subnet_id": "subnet-0a599a9b2a283df44",
            "tags": {
              "Name": "caldera_server",
              "environment": "caldera-test"
            },
            "tags_all": {
              "Name": "caldera_server",
              "environment": "caldera-test"
            },
            "tenancy": "default",
            "timeouts": null,
            "user_data": null,
            "user_data_base64": null,
            "user_data_replace_on_change": false,
            "volume_tags": null,
            "vpc_security_group_ids": [
              "sg-0a3f227c07552a4f1"
            ]
          },
          "sensitive_attributes": [],
          "private": "eyJlMmJmYjczMC1lY2FhLTExZTYtOGY4OC0zNDM2M2JjN2M0YzAiOnsiY3JlYXRlIjo2MDAwMDAwMDAwMDAsImRlbGV0ZSI6MTIwMDAwMDAwMDAwMCwidXBkYXRlIjo2MDAwMDAwMDAwMDB9LCJzY2hlbWFfdmVyc2lvbiI6IjEifQ==",
          "dependencies": [
            "aws_security_group.sg_caldera_server",
            "module.aws_rsa_key.aws_key_pair.worker",
            "module.aws_rsa_key.local_file.ssh_local",
            "module.aws_rsa_key.tls_private_key.ssh_key",
            "module.vpc.aws_cloudwatch_log_group.flow_log",
            "module.vpc.aws_customer_gateway.this",
            "module.vpc.aws_db_subnet_group.database",
            "module.vpc.aws_default_network_acl.this",
            "module.vpc.aws_default_route_table.default",
            "module.vpc.aws_default_security_group.this",
            "module.vpc.aws_default_vpc.this",
            "module.vpc.aws_egress_only_internet_gateway.this",
            "module.vpc.aws_eip.nat",
            "module.vpc.aws_elasticache_subnet_group.elasticache",
            "module.vpc.aws_flow_log.this",
            "module.vpc.aws_iam_policy.vpc_flow_log_cloudwatch",
            "module.vpc.aws_iam_role.vpc_flow_log_cloudwatch",
            "module.vpc.aws_iam_role_policy_attachment.vpc_flow_log_cloudwatch",
            "module.vpc.aws_internet_gateway.this",
            "module.vpc.aws_nat_gateway.this",
            "module.vpc.aws_network_acl.database",
            "module.vpc.aws_network_acl.elasticache",
            "module.vpc.aws_network_acl.intra",
            "module.vpc.aws_network_acl.outpost",
            "module.vpc.aws_network_acl.private",
            "module.vpc.aws_network_acl.public",
            "module.vpc.aws_network_acl.redshift",
            "module.vpc.aws_network_acl_rule.database_inbound",
            "module.vpc.aws_network_acl_rule.database_outbound",
            "module.vpc.aws_network_acl_rule.elasticache_inbound",
            "module.vpc.aws_network_acl_rule.elasticache_outbound",
            "module.vpc.aws_network_acl_rule.intra_inbound",
            "module.vpc.aws_network_acl_rule.intra_outbound",
            "module.vpc.aws_network_acl_rule.outpost_inbound",
            "module.vpc.aws_network_acl_rule.outpost_outbound",
            "module.vpc.aws_network_acl_rule.private_inbound",
            "module.vpc.aws_network_acl_rule.private_outbound",
            "module.vpc.aws_network_acl_rule.public_inbound",
            "module.vpc.aws_network_acl_rule.public_outbound",
            "module.vpc.aws_network_acl_rule.redshift_inbound",
            "module.vpc.aws_network_acl_rule.redshift_outbound",
            "module.vpc.aws_redshift_subnet_group.redshift",
            "module.vpc.aws_route.database_internet_gateway",
            "module.vpc.aws_route.database_ipv6_egress",
            "module.vpc.aws_route.database_nat_gateway",
            "module.vpc.aws_route.private_ipv6_egress",
            "module.vpc.aws_route.private_nat_gateway",
            "module.vpc.aws_route.public_internet_gateway",
            "module.vpc.aws_route.public_internet_gateway_ipv6",
            "module.vpc.aws_route_table.database",
            "module.vpc.aws_route_table.elasticache",
            "module.vpc.aws_route_table.intra",
            "module.vpc.aws_route_table.private",
            "module.vpc.aws_route_table.public",
            "module.vpc.aws_route_table.redshift",
            "module.vpc.aws_route_table_association.database",
            "module.vpc.aws_route_table_association.elasticache",
            "module.vpc.aws_route_table_association.intra",
            "module.vpc.aws_route_table_association.outpost",
            "module.vpc.aws_route_table_association.private",
            "module.vpc.aws_route_table_association.public",
            "module.vpc.aws_route_table_association.redshift",
            "module.vpc.aws_route_table_association.redshift_public",
            "module.vpc.aws_subnet.database",
            "module.vpc.aws_subnet.elasticache",
            "module.vpc.aws_subnet.intra",
            "module.vpc.aws_subnet.outpost",
            "module.vpc.aws_subnet.private",
            "module.vpc.aws_subnet.public",
            "module.vpc.aws_subnet.redshift",
            "module.vpc.aws_vpc.this",
            "module.vpc.aws_vpc_dhcp_options.this",
            "module.vpc.aws_vpc_dhcp_options_association.this",
            "module.vpc.aws_vpc_ipv4_cidr_block_association.this",
            "module.vpc.aws_vpn_gateway.this",
            "module.vpc.aws_vpn_gateway_attachment.this",
            "module.vpc.aws_vpn_gateway_route_propagation.intra",
            "module.vpc.aws_vpn_gateway_route_propagation.private",
            "module.vpc.aws_vpn_gateway_route_propagation.public",
            "module.vpc.data.aws_iam_policy_document.flow_log_cloudwatch_assume_role",
            "module.vpc.data.aws_iam_policy_document.vpc_flow_log_cloudwatch"
          ]
        }
      ]
    },
    {
      "mode": "managed",
      "type": "aws_security_group",
      "name": "sg_caldera_server",
      "provider": "provider[\"registry.terraform.io/hashicorp/aws\"]",
      "instances": [
        {
          "schema_version": 1,
          "attributes": {
            "arn": "arn:aws:ec2:us-east-1:196302683510:security-group/sg-0a3f227c07552a4f1",
            "description": "Allow ports for caldera server",
            "egress": [
              {
                "cidr_blocks": [
                  "0.0.0.0/0"
                ],
                "description": "",
                "from_port": 0,
                "ipv6_cidr_blocks": [],
                "prefix_list_ids": [],
                "protocol": "-1",
                "security_groups": [],
                "self": false,
                "to_port": 0
              }
            ],
            "id": "sg-0a3f227c07552a4f1",
            "ingress": [
              {
                "cidr_blocks": [
                  "0.0.0.0/0"
                ],
                "description": "Caldera server port",
                "from_port": 2288,
                "ipv6_cidr_blocks": [],
                "prefix_list_ids": [],
                "protocol": "tcp",
                "security_groups": [],
                "self": false,
                "to_port": 2288
              },
              {
                "cidr_blocks": [
                  "0.0.0.0/0"
                ],
                "description": "SSH from VPC",
                "from_port": 22,
                "ipv6_cidr_blocks": [],
                "prefix_list_ids": [],
                "protocol": "tcp",
                "security_groups": [],
                "self": false,
                "to_port": 22
              }
            ],
            "name": "sg_caldera_server",
            "name_prefix": "",
            "owner_id": "196302683510",
            "revoke_rules_on_delete": false,
            "tags": {
              "environment": "caldera-test"
            },
            "tags_all": {
              "environment": "caldera-test"
            },
            "timeouts": null,
            "vpc_id": "vpc-040309ec85558884b"
          },
          "sensitive_attributes": [],
          "private": "eyJlMmJmYjczMC1lY2FhLTExZTYtOGY4OC0zNDM2M2JjN2M0YzAiOnsiY3JlYXRlIjo2MDAwMDAwMDAwMDAsImRlbGV0ZSI6OTAwMDAwMDAwMDAwfSwic2NoZW1hX3ZlcnNpb24iOiIxIn0=",
          "dependencies": [
            "module.vpc.aws_vpc.this"
          ]
        }
      ]
    },
    {
      "module": "module.aws_rsa_key",
      "mode": "managed",
      "type": "aws_key_pair",
      "name": "worker",
      "provider": "provider[\"registry.terraform.io/hashicorp/aws\"]",
      "instances": [
        {
          "schema_version": 1,
          "attributes": {
            "arn": "arn:aws:ec2:us-east-1:196302683510:key-pair/caldera-nodes",
            "fingerprint": "71:7c:fd:3a:9c:86:02:f3:07:ef:33:ab:e6:83:b7:f3",
            "id": "caldera-nodes",
            "key_name": "caldera-nodes",
            "key_name_prefix": "",
            "key_pair_id": "key-0ef046f26d51d7155",
            "key_type": "rsa",
            "public_key": "ssh-rsa AAAAB3NzaC1yc2EAAAADAQABAAACAQDIHwHaviJ4k+TlWmnXEIbCl2SfaY4nERYkxC7pltK9JtZTvOz1elh3mHSpJnUYbdPHQDZ2IgVhm0QjzwGR4w4oaJOc/Gij/qLTvaoDzmTovfwB4FRuyLn3HNenJmAXoDrrGWhJA+0obbgv3Jospla9Xxc0FMzeuPE0GY2TDdiquXLMuGm2w9ljE/GGGXhfq0l1H8kaj2Nz7qKb9/wN77dY0ri2faJiZ7N6Kt0uYkf3izNv+MWKbn84wMjSs6U/vyca00QRgoTfe4t8H+9DV03Gn3yCug7hw4s2o/rI5U0HaaERH69G/cJIUayDOn7YzAt9ZtiijGsqVZAf59LrRi1MDdWQmUKNt09KoOH12EOqutM7nWBt5t4WY08ciyzDsdzCT8lZbYF0+5OTdD9zUEdCHuPX62zRU+Y1RWnKPXJvFLfb5LwL3rfzjZMdLF6wY4b90FyL24HTkIa4KBrOroeipVKOIYycGNbJM9q0s+qWIxjWtYGnx1MxNpSsZEFvRVDvoocFZnUKGPmY6aMybhJbz8p6PjNKtw3Wmg4AfuGiYhh9gpxzSbb5p7ch+thnGghXxEiipYv65PLtE6P9hux0ToLjXSnENH1V56NZlej8wkaaHWBQ6DUsurMK8F3fOHhJewYyiOZdBg5Mh5R/4uXWUCWTi7PwgPptDvcbIZwhPQ==",
            "tags": null,
            "tags_all": {}
          },
          "sensitive_attributes": [],
          "private": "eyJzY2hlbWFfdmVyc2lvbiI6IjEifQ==",
          "dependencies": [
            "module.aws_rsa_key.tls_private_key.ssh_key",
            "module.vpc.aws_cloudwatch_log_group.flow_log",
            "module.vpc.aws_customer_gateway.this",
            "module.vpc.aws_db_subnet_group.database",
            "module.vpc.aws_default_network_acl.this",
            "module.vpc.aws_default_route_table.default",
            "module.vpc.aws_default_security_group.this",
            "module.vpc.aws_default_vpc.this",
            "module.vpc.aws_egress_only_internet_gateway.this",
            "module.vpc.aws_eip.nat",
            "module.vpc.aws_elasticache_subnet_group.elasticache",
            "module.vpc.aws_flow_log.this",
            "module.vpc.aws_iam_policy.vpc_flow_log_cloudwatch",
            "module.vpc.aws_iam_role.vpc_flow_log_cloudwatch",
            "module.vpc.aws_iam_role_policy_attachment.vpc_flow_log_cloudwatch",
            "module.vpc.aws_internet_gateway.this",
            "module.vpc.aws_nat_gateway.this",
            "module.vpc.aws_network_acl.database",
            "module.vpc.aws_network_acl.elasticache",
            "module.vpc.aws_network_acl.intra",
            "module.vpc.aws_network_acl.outpost",
            "module.vpc.aws_network_acl.private",
            "module.vpc.aws_network_acl.public",
            "module.vpc.aws_network_acl.redshift",
            "module.vpc.aws_network_acl_rule.database_inbound",
            "module.vpc.aws_network_acl_rule.database_outbound",
            "module.vpc.aws_network_acl_rule.elasticache_inbound",
            "module.vpc.aws_network_acl_rule.elasticache_outbound",
            "module.vpc.aws_network_acl_rule.intra_inbound",
            "module.vpc.aws_network_acl_rule.intra_outbound",
            "module.vpc.aws_network_acl_rule.outpost_inbound",
            "module.vpc.aws_network_acl_rule.outpost_outbound",
            "module.vpc.aws_network_acl_rule.private_inbound",
            "module.vpc.aws_network_acl_rule.private_outbound",
            "module.vpc.aws_network_acl_rule.public_inbound",
            "module.vpc.aws_network_acl_rule.public_outbound",
            "module.vpc.aws_network_acl_rule.redshift_inbound",
            "module.vpc.aws_network_acl_rule.redshift_outbound",
            "module.vpc.aws_redshift_subnet_group.redshift",
            "module.vpc.aws_route.database_internet_gateway",
            "module.vpc.aws_route.database_ipv6_egress",
            "module.vpc.aws_route.database_nat_gateway",
            "module.vpc.aws_route.private_ipv6_egress",
            "module.vpc.aws_route.private_nat_gateway",
            "module.vpc.aws_route.public_internet_gateway",
            "module.vpc.aws_route.public_internet_gateway_ipv6",
            "module.vpc.aws_route_table.database",
            "module.vpc.aws_route_table.elasticache",
            "module.vpc.aws_route_table.intra",
            "module.vpc.aws_route_table.private",
            "module.vpc.aws_route_table.public",
            "module.vpc.aws_route_table.redshift",
            "module.vpc.aws_route_table_association.database",
            "module.vpc.aws_route_table_association.elasticache",
            "module.vpc.aws_route_table_association.intra",
            "module.vpc.aws_route_table_association.outpost",
            "module.vpc.aws_route_table_association.private",
            "module.vpc.aws_route_table_association.public",
            "module.vpc.aws_route_table_association.redshift",
            "module.vpc.aws_route_table_association.redshift_public",
            "module.vpc.aws_subnet.database",
            "module.vpc.aws_subnet.elasticache",
            "module.vpc.aws_subnet.intra",
            "module.vpc.aws_subnet.outpost",
            "module.vpc.aws_subnet.private",
            "module.vpc.aws_subnet.public",
            "module.vpc.aws_subnet.redshift",
            "module.vpc.aws_vpc.this",
            "module.vpc.aws_vpc_dhcp_options.this",
            "module.vpc.aws_vpc_dhcp_options_association.this",
            "module.vpc.aws_vpc_ipv4_cidr_block_association.this",
            "module.vpc.aws_vpn_gateway.this",
            "module.vpc.aws_vpn_gateway_attachment.this",
            "module.vpc.aws_vpn_gateway_route_propagation.intra",
            "module.vpc.aws_vpn_gateway_route_propagation.private",
            "module.vpc.aws_vpn_gateway_route_propagation.public",
            "module.vpc.data.aws_iam_policy_document.flow_log_cloudwatch_assume_role",
            "module.vpc.data.aws_iam_policy_document.vpc_flow_log_cloudwatch"
          ]
        }
      ]
    },
    {
      "module": "module.aws_rsa_key",
      "mode": "managed",
      "type": "tls_private_key",
      "name": "ssh_key",
      "provider": "provider[\"registry.terraform.io/hashicorp/tls\"]",
      "instances": [
        {
          "schema_version": 1,
          "attributes": {
            "algorithm": "RSA",
            "ecdsa_curve": "P224",
            "id": "36d093603460fd17aff60b3eb1f12360f6e48ead",
            "private_key_openssh": "-----BEGIN OPENSSH PRIVATE KEY-----\nb3BlbnNzaC1rZXktdjEAAAAABG5vbmUAAAAEbm9uZQAAAAAAAAABAAACFwAAAAdz\nc2gtcnNhAAAAAwEAAQAAAgEAyB8B2r4ieJPk5Vpp1xCGwpdkn2mOJxEWJMQu6ZbS\nvSbWU7zs9XpYd5h0qSZ1GG3Tx0A2diIFYZtEI88BkeMOKGiTnPxoo/6i072qA85k\n6L38AeBUbsi59xzXpyZgF6A66xloSQPtKG24L9yaLKZWvV8XNBTM3rjxNBmNkw3Y\nqrlyzLhptsPZYxPxhhl4X6tJdR/JGo9jc+6im/f8De+3WNK4tn2iYmezeirdLmJH\n94szb/jFim5/OMDI0rOlP78nGtNEEYKE33uLfB/vQ1dNxp98groO4cOLNqP6yOVN\nB2mhER+vRv3CSFGsgzp+2MwLfWbYooxrKlWQH+fS60YtTA3VkJlCjbdPSqDh9dhD\nqrrTO51gbebeFmNPHIssw7Hcwk/JWW2BdPuTk3Q/c1BHQh7j1+ts0VPmNUVpyj1y\nbxS32+S8C963842THSxesGOG/dBci9uB05CGuCgazq6HoqVSjiGMnBjWyTPatLPq\nliMY1rWBp8dTMTaUrGRBb0VQ76KHBWZ1Chj5mOmjMm4SW8/Kej4zSrcN1poOAH7h\nomIYfYKcc0m2+ae3IfrYZxoIV8RIoqWL+uTy7ROj/YbsdE6C410pxDR9VeejWZXo\n/MJGmh1gUOg1LLqzCvBd3zh4SXsGMojmXQYOTIeUf+Ll1lAlk4uz8ID6bQ73GyGc\nIT0AAAc4Zex0ZmXsdGYAAAAHc3NoLXJzYQAAAgEAyB8B2r4ieJPk5Vpp1xCGwpdk\nn2mOJxEWJMQu6ZbSvSbWU7zs9XpYd5h0qSZ1GG3Tx0A2diIFYZtEI88BkeMOKGiT\nnPxoo/6i072qA85k6L38AeBUbsi59xzXpyZgF6A66xloSQPtKG24L9yaLKZWvV8X\nNBTM3rjxNBmNkw3YqrlyzLhptsPZYxPxhhl4X6tJdR/JGo9jc+6im/f8De+3WNK4\ntn2iYmezeirdLmJH94szb/jFim5/OMDI0rOlP78nGtNEEYKE33uLfB/vQ1dNxp98\ngroO4cOLNqP6yOVNB2mhER+vRv3CSFGsgzp+2MwLfWbYooxrKlWQH+fS60YtTA3V\nkJlCjbdPSqDh9dhDqrrTO51gbebeFmNPHIssw7Hcwk/JWW2BdPuTk3Q/c1BHQh7j\n1+ts0VPmNUVpyj1ybxS32+S8C963842THSxesGOG/dBci9uB05CGuCgazq6HoqVS\njiGMnBjWyTPatLPqliMY1rWBp8dTMTaUrGRBb0VQ76KHBWZ1Chj5mOmjMm4SW8/K\nej4zSrcN1poOAH7homIYfYKcc0m2+ae3IfrYZxoIV8RIoqWL+uTy7ROj/YbsdE6C\n410pxDR9VeejWZXo/MJGmh1gUOg1LLqzCvBd3zh4SXsGMojmXQYOTIeUf+Ll1lAl\nk4uz8ID6bQ73GyGcIT0AAAADAQABAAACAC3z+NALAw1fIJuN9GnfMKK0cvWsHmlY\nIhaVOhSHfqLSrTqTUnJYAsKLrpY873yJk6zYUOk1jLjKF46FdV3Tnqemw+aziy/F\nRAyNK+It3bwYDCs+IQVDcHiPFfIa/MvQDld4ARtrHGVBNJ9A7+I63AYmNMTP1e96\n1mBZUconzs39QaBC5HuEY4G9zaM2bA7D3V1YzCweKv8vGAXqnuVwW1C5KpM1LDme\niHcQKrQA+3ebbldS78GG+A3HLxY7DEIkGc2uH55Js0tCKlh5WM7E2GY4rzWxlcM/\nzNLiOq8xAEwodETjWrNZh+hlYNDNeN09lZHZMPu6dM1G0o6RBDzkY3gAa0YsF3mz\n/1ynIeU1dcCqZR07NOwpLV79iDOJjJHAhk1NWRkCePbrWpNt50uuuyWsm1VAy33a\nKQKEC8Tz2lFo1svftsVjTnk8xISXy87a5ytzd+qvVUB3OPawD+8eXx82PAZUSxJA\n5LL0ks4FvdF7IzjFsi0vr1m7AEq1cSUQV8XSzN++q9g8ZW6/ShLKeHm+KygqmpK8\ngupvqwOlFoGbyvoCneMkgcnR6OobP6lzGXbVoAoeHLLk0ENslO2Hq2ZAgmgqXVPj\nKh2yX+kwA03tWPgv8x3ejq7WbTQlJ52mk0a1MKwWak/fH8eFedj231FKDYOg99Ht\nRIVPZ+gN/qnhAAABAHbBdOACUo+CJTSF0yWcKsns5ZPVLYs3heZOpIQoMTcyhR8X\nO5M3lJR4mis6kGFh16b2H7Jz9E4V84jSh05IfpWLshxjC5xcRF1QvoMOLJ67hU9w\n6E1Oj2O45/hdF26Lv6hE0RFxNQSqafMPg1K7Slj+i7xGX+RbIZVTZPBEuG0yZTY3\nXeDYU4Oso+Bcb/iMCfTeyNuzK4S1U42W3pH+pWq9HWCS1sPQOGjTEzJvymIEQxNM\nKDH0vCQ+eCvXUrwYH4+f/lvgS8fc8Z4LlcDSsUkV5cAAxlCCRkTCU0CRcL9gOyWP\n/HWe8VQsr61+0eVoKY09qs+onymZpuTyy9DB3qwAAAEBAN8WTEq7l7mAgZkLm3DY\n7BuzO9uaxgjo3Pp6T53UuU3KX0GuPqdj6yi9VoqhZUpL4vR6Jd0XEv58NHAFEwLA\nYgMqyJ1+svU9YtIP/ejH70UBvEetXKpkCKqRpo96VR/iVAOoO2HdGX9TbHnLuyKY\nttydA6QnvNxkCglEWq5xjqu5Ywrt4y7rzUNFg24jvxblo+soJ8hqIi57KiVN8Sfr\nk4VbVx7H8oeuSaR30NZeZQZoZdOM2MJrfnd7pc9hZdePtYB7GMKfxglKbqE3Y/C1\naXXhUTijON7rf89/pM0JKFBSq85MAs0DR/0tHK3uuiUZxECa+US467qLOjUjVGu1\nPnkAAAEBAOWlUJl77JfgS683mYsJ8we/OrHl62Y95I9OnaP5Jcb013NzgVL3u6ki\nXcUVDfAXbuNbfl/FencdizwitnQEr7410DHhNqZ9ziNv6RQNlTOUcN1tZlrHEsvN\nzwOqx82VK7OgAUKc+cwJcj2+16wZFdkBXPYMnwiXqGvc+Mw31y89y7pFne3rRi/R\nHpIxluJsSQD57G5+EMjYxvvCeF1NwWN9pqBkLsqxmiiXWV+CUI2Ldv/o2vsU5sFY\nUGvWxjea+SeIGDqsUSP4FNbnVNuT2/Vvydsjo84UbIwBh5wYxUuCj0rbIdn0s2aM\nde562I94nIH6eRjw3WSYj0608bu5d+UAAAAAAQID\n-----END OPENSSH PRIVATE KEY-----\n",
            "private_key_pem": "-----BEGIN RSA PRIVATE KEY-----\nMIIJKAIBAAKCAgEAyB8B2r4ieJPk5Vpp1xCGwpdkn2mOJxEWJMQu6ZbSvSbWU7zs\n9XpYd5h0qSZ1GG3Tx0A2diIFYZtEI88BkeMOKGiTnPxoo/6i072qA85k6L38AeBU\nbsi59xzXpyZgF6A66xloSQPtKG24L9yaLKZWvV8XNBTM3rjxNBmNkw3YqrlyzLhp\ntsPZYxPxhhl4X6tJdR/JGo9jc+6im/f8De+3WNK4tn2iYmezeirdLmJH94szb/jF\nim5/OMDI0rOlP78nGtNEEYKE33uLfB/vQ1dNxp98groO4cOLNqP6yOVNB2mhER+v\nRv3CSFGsgzp+2MwLfWbYooxrKlWQH+fS60YtTA3VkJlCjbdPSqDh9dhDqrrTO51g\nbebeFmNPHIssw7Hcwk/JWW2BdPuTk3Q/c1BHQh7j1+ts0VPmNUVpyj1ybxS32+S8\nC963842THSxesGOG/dBci9uB05CGuCgazq6HoqVSjiGMnBjWyTPatLPqliMY1rWB\np8dTMTaUrGRBb0VQ76KHBWZ1Chj5mOmjMm4SW8/Kej4zSrcN1poOAH7homIYfYKc\nc0m2+ae3IfrYZxoIV8RIoqWL+uTy7ROj/YbsdE6C410pxDR9VeejWZXo/MJGmh1g\nUOg1LLqzCvBd3zh4SXsGMojmXQYOTIeUf+Ll1lAlk4uz8ID6bQ73GyGcIT0CAwEA\nAQKCAgAt8/jQCwMNXyCbjfRp3zCitHL1rB5pWCIWlToUh36i0q06k1JyWALCi66W\nPO98iZOs2FDpNYy4yheOhXVd056npsPms4svxUQMjSviLd28GAwrPiEFQ3B4jxXy\nGvzL0A5XeAEbaxxlQTSfQO/iOtwGJjTEz9XvetZgWVHKJ87N/UGgQuR7hGOBvc2j\nNmwOw91dWMwsHir/LxgF6p7lcFtQuSqTNSw5noh3ECq0APt3m25XUu/BhvgNxy8W\nOwxCJBnNrh+eSbNLQipYeVjOxNhmOK81sZXDP8zS4jqvMQBMKHRE41qzWYfoZWDQ\nzXjdPZWR2TD7unTNRtKOkQQ85GN4AGtGLBd5s/9cpyHlNXXAqmUdOzTsKS1e/Ygz\niYyRwIZNTVkZAnj261qTbedLrrslrJtVQMt92ikChAvE89pRaNbL37bFY055PMSE\nl8vO2ucrc3fqr1VAdzj2sA/vHl8fNjwGVEsSQOSy9JLOBb3ReyM4xbItL69ZuwBK\ntXElEFfF0szfvqvYPGVuv0oSynh5visoKpqSvILqb6sDpRaBm8r6Ap3jJIHJ0ejq\nGz+pcxl21aAKHhyy5NBDbJTth6tmQIJoKl1T4yodsl/pMANN7Vj4L/Md3o6u1m00\nJSedppNGtTCsFmpP3x/HhXnY9t9RSg2DoPfR7USFT2foDf6p4QKCAQEA3xZMSruX\nuYCBmQubcNjsG7M725rGCOjc+npPndS5TcpfQa4+p2PrKL1WiqFlSkvi9Hol3RcS\n/nw0cAUTAsBiAyrInX6y9T1i0g/96MfvRQG8R61cqmQIqpGmj3pVH+JUA6g7Yd0Z\nf1Nsecu7Ipi23J0DpCe83GQKCURarnGOq7ljCu3jLuvNQ0WDbiO/FuWj6ygnyGoi\nLnsqJU3xJ+uThVtXHsfyh65JpHfQ1l5lBmhl04zYwmt+d3ulz2Fl14+1gHsYwp/G\nCUpuoTdj8LVpdeFROKM43ut/z3+kzQkoUFKrzkwCzQNH/S0cre66JRnEQJr5RLjr\nuos6NSNUa7U+eQKCAQEA5aVQmXvsl+BLrzeZiwnzB786seXrZj3kj06do/klxvTX\nc3OBUve7qSJdxRUN8Bdu41t+X8V6dx2LPCK2dASvvjXQMeE2pn3OI2/pFA2VM5Rw\n3W1mWscSy83PA6rHzZUrs6ABQpz5zAlyPb7XrBkV2QFc9gyfCJeoa9z4zDfXLz3L\nukWd7etGL9EekjGW4mxJAPnsbn4QyNjG+8J4XU3BY32moGQuyrGaKJdZX4JQjYt2\n/+ja+xTmwVhQa9bGN5r5J4gYOqxRI/gU1udU25Pb9W/J2yOjzhRsjAGHnBjFS4KP\nStsh2fSzZox17nrYj3icgfp5GPDdZJiPTrTxu7l35QKCAQEAwxKBddvhyYDYUla2\n/o+Arpwk3FvTjVjqWlB3rCCmRKKQdyOBf+e8auxdb22/357J/1OMJm8V2dgMFmQp\ngn9tdS2FLUrr+8xIzDzVnyatUB87X0X1wL0mYthn2BB1vSKwql4CRwoKUK9HLJ18\nrrzxMapO0803tVP4/q95yA5eXkUGmTj5Lj9dRtTTH408fC4kDu4XE4XTC+gBK4uj\nM3AomDUN0kmvBvvdQ2bOA5WZK2hAmiMQK7nJZXuGuveFEWCFqqp5NT528grXADwq\nNQK9DCoRVsBLa4psQapxFiVKzinsN8F5tYGIApfe+yzEMsr8NC4PiAtXfdBe/rY9\nDM34qQKCAQBN8Ny5KwEyztKBJoq7UOYmM/YU2OcbLVh8dv8z3uS+cO0K5yH2adRM\nZDiVIj83xIxDKBNtJ9YXxXQzNcjc+ZY4JYWC2GA3A63KAzqFLtL7zZ682FuL5dLw\nTuq64OStVrqdXWnwFN0HLhGS+UmzxFPQ8hB+BeyX+vkTmszqau1iwEN79hLS5C5P\nHleU4LXIJV5lsW1YVvsVX9WxLuCxMim3vbam6zmiW8LpkeyoaM80Kyh5VKu12fMz\nnei1oRBnYPa9PwiSKVfksFdKVPtNBxL5azaEZMU8tVvd7Mr85L9ZkHdXvaXwloeo\n/3UrOpBzqUjdKIifOWi6sri4ytrcjuctAoIBAHbBdOACUo+CJTSF0yWcKsns5ZPV\nLYs3heZOpIQoMTcyhR8XO5M3lJR4mis6kGFh16b2H7Jz9E4V84jSh05IfpWLshxj\nC5xcRF1QvoMOLJ67hU9w6E1Oj2O45/hdF26Lv6hE0RFxNQSqafMPg1K7Slj+i7xG\nX+RbIZVTZPBEuG0yZTY3XeDYU4Oso+Bcb/iMCfTeyNuzK4S1U42W3pH+pWq9HWCS\n1sPQOGjTEzJvymIEQxNMKDH0vCQ+eCvXUrwYH4+f/lvgS8fc8Z4LlcDSsUkV5cAA\nxlCCRkTCU0CRcL9gOyWP/HWe8VQsr61+0eVoKY09qs+onymZpuTyy9DB3qw=\n-----END RSA PRIVATE KEY-----\n",
            "private_key_pem_pkcs8": "-----BEGIN PRIVATE KEY-----\nMIIJQgIBADANBgkqhkiG9w0BAQEFAASCCSwwggkoAgEAAoICAQDIHwHaviJ4k+Tl\nWmnXEIbCl2SfaY4nERYkxC7pltK9JtZTvOz1elh3mHSpJnUYbdPHQDZ2IgVhm0Qj\nzwGR4w4oaJOc/Gij/qLTvaoDzmTovfwB4FRuyLn3HNenJmAXoDrrGWhJA+0obbgv\n3Jospla9Xxc0FMzeuPE0GY2TDdiquXLMuGm2w9ljE/GGGXhfq0l1H8kaj2Nz7qKb\n9/wN77dY0ri2faJiZ7N6Kt0uYkf3izNv+MWKbn84wMjSs6U/vyca00QRgoTfe4t8\nH+9DV03Gn3yCug7hw4s2o/rI5U0HaaERH69G/cJIUayDOn7YzAt9ZtiijGsqVZAf\n59LrRi1MDdWQmUKNt09KoOH12EOqutM7nWBt5t4WY08ciyzDsdzCT8lZbYF0+5OT\ndD9zUEdCHuPX62zRU+Y1RWnKPXJvFLfb5LwL3rfzjZMdLF6wY4b90FyL24HTkIa4\nKBrOroeipVKOIYycGNbJM9q0s+qWIxjWtYGnx1MxNpSsZEFvRVDvoocFZnUKGPmY\n6aMybhJbz8p6PjNKtw3Wmg4AfuGiYhh9gpxzSbb5p7ch+thnGghXxEiipYv65PLt\nE6P9hux0ToLjXSnENH1V56NZlej8wkaaHWBQ6DUsurMK8F3fOHhJewYyiOZdBg5M\nh5R/4uXWUCWTi7PwgPptDvcbIZwhPQIDAQABAoICAC3z+NALAw1fIJuN9GnfMKK0\ncvWsHmlYIhaVOhSHfqLSrTqTUnJYAsKLrpY873yJk6zYUOk1jLjKF46FdV3Tnqem\nw+aziy/FRAyNK+It3bwYDCs+IQVDcHiPFfIa/MvQDld4ARtrHGVBNJ9A7+I63AYm\nNMTP1e961mBZUconzs39QaBC5HuEY4G9zaM2bA7D3V1YzCweKv8vGAXqnuVwW1C5\nKpM1LDmeiHcQKrQA+3ebbldS78GG+A3HLxY7DEIkGc2uH55Js0tCKlh5WM7E2GY4\nrzWxlcM/zNLiOq8xAEwodETjWrNZh+hlYNDNeN09lZHZMPu6dM1G0o6RBDzkY3gA\na0YsF3mz/1ynIeU1dcCqZR07NOwpLV79iDOJjJHAhk1NWRkCePbrWpNt50uuuyWs\nm1VAy33aKQKEC8Tz2lFo1svftsVjTnk8xISXy87a5ytzd+qvVUB3OPawD+8eXx82\nPAZUSxJA5LL0ks4FvdF7IzjFsi0vr1m7AEq1cSUQV8XSzN++q9g8ZW6/ShLKeHm+\nKygqmpK8gupvqwOlFoGbyvoCneMkgcnR6OobP6lzGXbVoAoeHLLk0ENslO2Hq2ZA\ngmgqXVPjKh2yX+kwA03tWPgv8x3ejq7WbTQlJ52mk0a1MKwWak/fH8eFedj231FK\nDYOg99HtRIVPZ+gN/qnhAoIBAQDfFkxKu5e5gIGZC5tw2OwbszvbmsYI6Nz6ek+d\n1LlNyl9Brj6nY+sovVaKoWVKS+L0eiXdFxL+fDRwBRMCwGIDKsidfrL1PWLSD/3o\nx+9FAbxHrVyqZAiqkaaPelUf4lQDqDth3Rl/U2x5y7simLbcnQOkJ7zcZAoJRFqu\ncY6ruWMK7eMu681DRYNuI78W5aPrKCfIaiIueyolTfEn65OFW1cex/KHrkmkd9DW\nXmUGaGXTjNjCa353e6XPYWXXj7WAexjCn8YJSm6hN2PwtWl14VE4ozje63/Pf6TN\nCShQUqvOTALNA0f9LRyt7rolGcRAmvlEuOu6izo1I1RrtT55AoIBAQDlpVCZe+yX\n4EuvN5mLCfMHvzqx5etmPeSPTp2j+SXG9Ndzc4FS97upIl3FFQ3wF27jW35fxXp3\nHYs8IrZ0BK++NdAx4Tamfc4jb+kUDZUzlHDdbWZaxxLLzc8DqsfNlSuzoAFCnPnM\nCXI9vtesGRXZAVz2DJ8Il6hr3PjMN9cvPcu6RZ3t60Yv0R6SMZbibEkA+exufhDI\n2Mb7wnhdTcFjfaagZC7KsZool1lfglCNi3b/6Nr7FObBWFBr1sY3mvkniBg6rFEj\n+BTW51Tbk9v1b8nbI6POFGyMAYecGMVLgo9K2yHZ9LNmjHXuetiPeJyB+nkY8N1k\nmI9OtPG7uXflAoIBAQDDEoF12+HJgNhSVrb+j4CunCTcW9ONWOpaUHesIKZEopB3\nI4F/57xq7F1vbb/fnsn/U4wmbxXZ2AwWZCmCf211LYUtSuv7zEjMPNWfJq1QHztf\nRfXAvSZi2GfYEHW9IrCqXgJHCgpQr0csnXyuvPExqk7TzTe1U/j+r3nIDl5eRQaZ\nOPkuP11G1NMfjTx8LiQO7hcThdML6AEri6MzcCiYNQ3SSa8G+91DZs4DlZkraECa\nIxAruclle4a694URYIWqqnk1PnbyCtcAPCo1Ar0MKhFWwEtrimxBqnEWJUrOKew3\nwXm1gYgCl977LMQyyvw0Lg+IC1d90F7+tj0MzfipAoIBAE3w3LkrATLO0oEmirtQ\n5iYz9hTY5xstWHx2/zPe5L5w7QrnIfZp1ExkOJUiPzfEjEMoE20n1hfFdDM1yNz5\nljglhYLYYDcDrcoDOoUu0vvNnrzYW4vl0vBO6rrg5K1Wup1dafAU3QcuEZL5SbPE\nU9DyEH4F7Jf6+ROazOpq7WLAQ3v2EtLkLk8eV5TgtcglXmWxbVhW+xVf1bEu4LEy\nKbe9tqbrOaJbwumR7KhozzQrKHlUq7XZ8zOd6LWhEGdg9r0/CJIpV+SwV0pU+00H\nEvlrNoRkxTy1W93syvzkv1mQd1e9pfCWh6j/dSs6kHOpSN0oiJ85aLqyuLjK2tyO\n5y0CggEAdsF04AJSj4IlNIXTJZwqyezlk9UtizeF5k6khCgxNzKFHxc7kzeUlHia\nKzqQYWHXpvYfsnP0ThXziNKHTkh+lYuyHGMLnFxEXVC+gw4snruFT3DoTU6PY7jn\n+F0Xbou/qETREXE1BKpp8w+DUrtKWP6LvEZf5FshlVNk8ES4bTJlNjdd4NhTg6yj\n4Fxv+IwJ9N7I27MrhLVTjZbekf6lar0dYJLWw9A4aNMTMm/KYgRDE0woMfS8JD54\nK9dSvBgfj5/+W+BLx9zxnguVwNKxSRXlwADGUIJGRMJTQJFwv2A7JY/8dZ7xVCyv\nrX7R5WgpjT2qz6ifKZmm5PLL0MHerA==\n-----END PRIVATE KEY-----\n",
            "public_key_fingerprint_md5": "9e:93:a4:42:ec:3f:3b:85:73:09:e7:b0:68:45:3b:91",
            "public_key_fingerprint_sha256": "SHA256:CoFTW4sUXuW6QpwKrhliDYsEslrYvm/95jBW4HDuIAQ",
            "public_key_openssh": "ssh-rsa AAAAB3NzaC1yc2EAAAADAQABAAACAQDIHwHaviJ4k+TlWmnXEIbCl2SfaY4nERYkxC7pltK9JtZTvOz1elh3mHSpJnUYbdPHQDZ2IgVhm0QjzwGR4w4oaJOc/Gij/qLTvaoDzmTovfwB4FRuyLn3HNenJmAXoDrrGWhJA+0obbgv3Jospla9Xxc0FMzeuPE0GY2TDdiquXLMuGm2w9ljE/GGGXhfq0l1H8kaj2Nz7qKb9/wN77dY0ri2faJiZ7N6Kt0uYkf3izNv+MWKbn84wMjSs6U/vyca00QRgoTfe4t8H+9DV03Gn3yCug7hw4s2o/rI5U0HaaERH69G/cJIUayDOn7YzAt9ZtiijGsqVZAf59LrRi1MDdWQmUKNt09KoOH12EOqutM7nWBt5t4WY08ciyzDsdzCT8lZbYF0+5OTdD9zUEdCHuPX62zRU+Y1RWnKPXJvFLfb5LwL3rfzjZMdLF6wY4b90FyL24HTkIa4KBrOroeipVKOIYycGNbJM9q0s+qWIxjWtYGnx1MxNpSsZEFvRVDvoocFZnUKGPmY6aMybhJbz8p6PjNKtw3Wmg4AfuGiYhh9gpxzSbb5p7ch+thnGghXxEiipYv65PLtE6P9hux0ToLjXSnENH1V56NZlej8wkaaHWBQ6DUsurMK8F3fOHhJewYyiOZdBg5Mh5R/4uXWUCWTi7PwgPptDvcbIZwhPQ==\n",
            "public_key_pem": "-----BEGIN PUBLIC KEY-----\nMIICIjANBgkqhkiG9w0BAQEFAAOCAg8AMIICCgKCAgEAyB8B2r4ieJPk5Vpp1xCG\nwpdkn2mOJxEWJMQu6ZbSvSbWU7zs9XpYd5h0qSZ1GG3Tx0A2diIFYZtEI88BkeMO\nKGiTnPxoo/6i072qA85k6L38AeBUbsi59xzXpyZgF6A66xloSQPtKG24L9yaLKZW\nvV8XNBTM3rjxNBmNkw3YqrlyzLhptsPZYxPxhhl4X6tJdR/JGo9jc+6im/f8De+3\nWNK4tn2iYmezeirdLmJH94szb/jFim5/OMDI0rOlP78nGtNEEYKE33uLfB/vQ1dN\nxp98groO4cOLNqP6yOVNB2mhER+vRv3CSFGsgzp+2MwLfWbYooxrKlWQH+fS60Yt\nTA3VkJlCjbdPSqDh9dhDqrrTO51gbebeFmNPHIssw7Hcwk/JWW2BdPuTk3Q/c1BH\nQh7j1+ts0VPmNUVpyj1ybxS32+S8C963842THSxesGOG/dBci9uB05CGuCgazq6H\noqVSjiGMnBjWyTPatLPqliMY1rWBp8dTMTaUrGRBb0VQ76KHBWZ1Chj5mOmjMm4S\nW8/Kej4zSrcN1poOAH7homIYfYKcc0m2+ae3IfrYZxoIV8RIoqWL+uTy7ROj/Ybs\ndE6C410pxDR9VeejWZXo/MJGmh1gUOg1LLqzCvBd3zh4SXsGMojmXQYOTIeUf+Ll\n1lAlk4uz8ID6bQ73GyGcIT0CAwEAAQ==\n-----END PUBLIC KEY-----\n",
            "rsa_bits": 4096
          },
          "sensitive_attributes": [],
          "dependencies": [
            "module.vpc.aws_cloudwatch_log_group.flow_log",
            "module.vpc.aws_customer_gateway.this",
            "module.vpc.aws_db_subnet_group.database",
            "module.vpc.aws_default_network_acl.this",
            "module.vpc.aws_default_route_table.default",
            "module.vpc.aws_default_security_group.this",
            "module.vpc.aws_default_vpc.this",
            "module.vpc.aws_egress_only_internet_gateway.this",
            "module.vpc.aws_eip.nat",
            "module.vpc.aws_elasticache_subnet_group.elasticache",
            "module.vpc.aws_flow_log.this",
            "module.vpc.aws_iam_policy.vpc_flow_log_cloudwatch",
            "module.vpc.aws_iam_role.vpc_flow_log_cloudwatch",
            "module.vpc.aws_iam_role_policy_attachment.vpc_flow_log_cloudwatch",
            "module.vpc.aws_internet_gateway.this",
            "module.vpc.aws_nat_gateway.this",
            "module.vpc.aws_network_acl.database",
            "module.vpc.aws_network_acl.elasticache",
            "module.vpc.aws_network_acl.intra",
            "module.vpc.aws_network_acl.outpost",
            "module.vpc.aws_network_acl.private",
            "module.vpc.aws_network_acl.public",
            "module.vpc.aws_network_acl.redshift",
            "module.vpc.aws_network_acl_rule.database_inbound",
            "module.vpc.aws_network_acl_rule.database_outbound",
            "module.vpc.aws_network_acl_rule.elasticache_inbound",
            "module.vpc.aws_network_acl_rule.elasticache_outbound",
            "module.vpc.aws_network_acl_rule.intra_inbound",
            "module.vpc.aws_network_acl_rule.intra_outbound",
            "module.vpc.aws_network_acl_rule.outpost_inbound",
            "module.vpc.aws_network_acl_rule.outpost_outbound",
            "module.vpc.aws_network_acl_rule.private_inbound",
            "module.vpc.aws_network_acl_rule.private_outbound",
            "module.vpc.aws_network_acl_rule.public_inbound",
            "module.vpc.aws_network_acl_rule.public_outbound",
            "module.vpc.aws_network_acl_rule.redshift_inbound",
            "module.vpc.aws_network_acl_rule.redshift_outbound",
            "module.vpc.aws_redshift_subnet_group.redshift",
            "module.vpc.aws_route.database_internet_gateway",
            "module.vpc.aws_route.database_ipv6_egress",
            "module.vpc.aws_route.database_nat_gateway",
            "module.vpc.aws_route.private_ipv6_egress",
            "module.vpc.aws_route.private_nat_gateway",
            "module.vpc.aws_route.public_internet_gateway",
            "module.vpc.aws_route.public_internet_gateway_ipv6",
            "module.vpc.aws_route_table.database",
            "module.vpc.aws_route_table.elasticache",
            "module.vpc.aws_route_table.intra",
            "module.vpc.aws_route_table.private",
            "module.vpc.aws_route_table.public",
            "module.vpc.aws_route_table.redshift",
            "module.vpc.aws_route_table_association.database",
            "module.vpc.aws_route_table_association.elasticache",
            "module.vpc.aws_route_table_association.intra",
            "module.vpc.aws_route_table_association.outpost",
            "module.vpc.aws_route_table_association.private",
            "module.vpc.aws_route_table_association.public",
            "module.vpc.aws_route_table_association.redshift",
            "module.vpc.aws_route_table_association.redshift_public",
            "module.vpc.aws_subnet.database",
            "module.vpc.aws_subnet.elasticache",
            "module.vpc.aws_subnet.intra",
            "module.vpc.aws_subnet.outpost",
            "module.vpc.aws_subnet.private",
            "module.vpc.aws_subnet.public",
            "module.vpc.aws_subnet.redshift",
            "module.vpc.aws_vpc.this",
            "module.vpc.aws_vpc_dhcp_options.this",
            "module.vpc.aws_vpc_dhcp_options_association.this",
            "module.vpc.aws_vpc_ipv4_cidr_block_association.this",
            "module.vpc.aws_vpn_gateway.this",
            "module.vpc.aws_vpn_gateway_attachment.this",
            "module.vpc.aws_vpn_gateway_route_propagation.intra",
            "module.vpc.aws_vpn_gateway_route_propagation.private",
            "module.vpc.aws_vpn_gateway_route_propagation.public",
            "module.vpc.data.aws_iam_policy_document.flow_log_cloudwatch_assume_role",
            "module.vpc.data.aws_iam_policy_document.vpc_flow_log_cloudwatch"
          ]
        }
      ]
    },
    {
      "module": "module.vpc",
      "mode": "managed",
      "type": "aws_eip",
      "name": "nat",
      "provider": "provider[\"registry.terraform.io/hashicorp/aws\"]",
      "instances": [
        {
          "index_key": 0,
          "schema_version": 0,
          "attributes": {
            "address": null,
            "allocation_id": "eipalloc-01074248105cfd4e5",
            "associate_with_private_ip": null,
            "association_id": "",
            "carrier_ip": "",
            "customer_owned_ip": "",
            "customer_owned_ipv4_pool": "",
            "domain": "vpc",
            "id": "eipalloc-01074248105cfd4e5",
            "instance": "",
            "network_border_group": "us-east-1",
            "network_interface": "",
            "private_dns": null,
            "private_ip": "",
            "public_dns": "ec2-18-213-87-245.compute-1.amazonaws.com",
            "public_ip": "18.213.87.245",
            "public_ipv4_pool": "amazon",
            "tags": {
              "Name": "VPC-us-east-1a"
            },
            "tags_all": {
              "Name": "VPC-us-east-1a"
            },
            "timeouts": null,
            "vpc": true
          },
          "sensitive_attributes": [],
          "private": "eyJlMmJmYjczMC1lY2FhLTExZTYtOGY4OC0zNDM2M2JjN2M0YzAiOnsiZGVsZXRlIjoxODAwMDAwMDAwMDAsInJlYWQiOjkwMDAwMDAwMDAwMCwidXBkYXRlIjozMDAwMDAwMDAwMDB9fQ=="
        }
      ]
    },
    {
      "module": "module.vpc",
      "mode": "managed",
      "type": "aws_internet_gateway",
      "name": "this",
      "provider": "provider[\"registry.terraform.io/hashicorp/aws\"]",
      "instances": [
        {
          "index_key": 0,
          "schema_version": 0,
          "attributes": {
            "arn": "arn:aws:ec2:us-east-1:196302683510:internet-gateway/igw-01b62c6bdc75756be",
            "id": "igw-01b62c6bdc75756be",
            "owner_id": "196302683510",
            "tags": {
              "Name": "VPC"
            },
            "tags_all": {
              "Name": "VPC"
            },
            "timeouts": null,
            "vpc_id": "vpc-040309ec85558884b"
          },
          "sensitive_attributes": [],
          "private": "eyJlMmJmYjczMC1lY2FhLTExZTYtOGY4OC0zNDM2M2JjN2M0YzAiOnsiY3JlYXRlIjoxMjAwMDAwMDAwMDAwLCJkZWxldGUiOjEyMDAwMDAwMDAwMDAsInVwZGF0ZSI6MTIwMDAwMDAwMDAwMH19",
          "dependencies": [
            "module.vpc.aws_vpc.this",
            "module.vpc.aws_vpc_ipv4_cidr_block_association.this"
          ]
        }
      ]
    },
    {
      "module": "module.vpc",
      "mode": "managed",
      "type": "aws_nat_gateway",
      "name": "this",
      "provider": "provider[\"registry.terraform.io/hashicorp/aws\"]",
      "instances": [
        {
          "index_key": 0,
          "schema_version": 0,
          "attributes": {
            "allocation_id": "eipalloc-01074248105cfd4e5",
            "connectivity_type": "public",
            "id": "nat-036464477d68098ab",
            "network_interface_id": "eni-0ce6e0a3ebb18d7bf",
            "private_ip": "172.23.5.244",
            "public_ip": "18.213.87.245",
            "subnet_id": "subnet-0a599a9b2a283df44",
            "tags": {
              "Name": "caldera-test_natgateway"
            },
            "tags_all": {
              "Name": "caldera-test_natgateway"
            }
          },
          "sensitive_attributes": [],
          "private": "bnVsbA==",
          "dependencies": [
            "module.vpc.aws_eip.nat",
            "module.vpc.aws_internet_gateway.this",
            "module.vpc.aws_subnet.public",
            "module.vpc.aws_vpc.this",
            "module.vpc.aws_vpc_ipv4_cidr_block_association.this"
          ]
        }
      ]
    },
    {
      "module": "module.vpc",
      "mode": "managed",
      "type": "aws_route",
      "name": "private_nat_gateway",
      "provider": "provider[\"registry.terraform.io/hashicorp/aws\"]",
      "instances": [
        {
          "index_key": 0,
          "schema_version": 0,
          "attributes": {
            "carrier_gateway_id": "",
            "core_network_arn": "",
            "destination_cidr_block": "0.0.0.0/0",
            "destination_ipv6_cidr_block": "",
            "destination_prefix_list_id": "",
            "egress_only_gateway_id": "",
            "gateway_id": "",
            "id": "r-rtb-042b4d6511d9bc4d31080289494",
            "instance_id": "",
            "instance_owner_id": "",
            "local_gateway_id": "",
            "nat_gateway_id": "nat-036464477d68098ab",
            "network_interface_id": "",
            "origin": "CreateRoute",
            "route_table_id": "rtb-042b4d6511d9bc4d3",
            "state": "active",
            "timeouts": {
              "create": "5m",
              "delete": null,
              "update": null
            },
            "transit_gateway_id": "",
            "vpc_endpoint_id": "",
            "vpc_peering_connection_id": ""
          },
          "sensitive_attributes": [],
          "private": "eyJlMmJmYjczMC1lY2FhLTExZTYtOGY4OC0zNDM2M2JjN2M0YzAiOnsiY3JlYXRlIjozMDAwMDAwMDAwMDAsImRlbGV0ZSI6MzAwMDAwMDAwMDAwLCJ1cGRhdGUiOjEyMDAwMDAwMDAwMH19",
          "dependencies": [
            "module.vpc.aws_eip.nat",
            "module.vpc.aws_internet_gateway.this",
            "module.vpc.aws_nat_gateway.this",
            "module.vpc.aws_route_table.private",
            "module.vpc.aws_subnet.public",
            "module.vpc.aws_vpc.this",
            "module.vpc.aws_vpc_ipv4_cidr_block_association.this"
          ]
        }
      ]
    },
    {
      "module": "module.vpc",
      "mode": "managed",
      "type": "aws_route",
      "name": "public_internet_gateway",
      "provider": "provider[\"registry.terraform.io/hashicorp/aws\"]",
      "instances": [
        {
          "index_key": 0,
          "schema_version": 0,
          "attributes": {
            "carrier_gateway_id": "",
            "core_network_arn": "",
            "destination_cidr_block": "0.0.0.0/0",
            "destination_ipv6_cidr_block": "",
            "destination_prefix_list_id": "",
            "egress_only_gateway_id": "",
            "gateway_id": "igw-01b62c6bdc75756be",
            "id": "r-rtb-08987ed84157cee3d1080289494",
            "instance_id": "",
            "instance_owner_id": "",
            "local_gateway_id": "",
            "nat_gateway_id": "",
            "network_interface_id": "",
            "origin": "CreateRoute",
            "route_table_id": "rtb-08987ed84157cee3d",
            "state": "active",
            "timeouts": {
              "create": "5m",
              "delete": null,
              "update": null
            },
            "transit_gateway_id": "",
            "vpc_endpoint_id": "",
            "vpc_peering_connection_id": ""
          },
          "sensitive_attributes": [],
          "private": "eyJlMmJmYjczMC1lY2FhLTExZTYtOGY4OC0zNDM2M2JjN2M0YzAiOnsiY3JlYXRlIjozMDAwMDAwMDAwMDAsImRlbGV0ZSI6MzAwMDAwMDAwMDAwLCJ1cGRhdGUiOjEyMDAwMDAwMDAwMH19",
          "dependencies": [
            "module.vpc.aws_internet_gateway.this",
            "module.vpc.aws_route_table.public",
            "module.vpc.aws_vpc.this",
            "module.vpc.aws_vpc_ipv4_cidr_block_association.this"
          ]
        }
      ]
    },
    {
      "module": "module.vpc",
      "mode": "managed",
      "type": "aws_route_table",
      "name": "private",
      "provider": "provider[\"registry.terraform.io/hashicorp/aws\"]",
      "instances": [
        {
          "index_key": 0,
          "schema_version": 0,
          "attributes": {
            "arn": "arn:aws:ec2:us-east-1:196302683510:route-table/rtb-042b4d6511d9bc4d3",
            "id": "rtb-042b4d6511d9bc4d3",
            "owner_id": "196302683510",
            "propagating_vgws": [],
            "route": [],
            "tags": {
              "Name": "VPC-private"
            },
            "tags_all": {
              "Name": "VPC-private"
            },
            "timeouts": null,
            "vpc_id": "vpc-040309ec85558884b"
          },
          "sensitive_attributes": [],
          "private": "eyJlMmJmYjczMC1lY2FhLTExZTYtOGY4OC0zNDM2M2JjN2M0YzAiOnsiY3JlYXRlIjozMDAwMDAwMDAwMDAsImRlbGV0ZSI6MzAwMDAwMDAwMDAwLCJ1cGRhdGUiOjEyMDAwMDAwMDAwMH19",
          "dependencies": [
            "module.vpc.aws_vpc.this",
            "module.vpc.aws_vpc_ipv4_cidr_block_association.this"
          ]
        }
      ]
    },
    {
      "module": "module.vpc",
      "mode": "managed",
      "type": "aws_route_table",
      "name": "public",
      "provider": "provider[\"registry.terraform.io/hashicorp/aws\"]",
      "instances": [
        {
          "index_key": 0,
          "schema_version": 0,
          "attributes": {
            "arn": "arn:aws:ec2:us-east-1:196302683510:route-table/rtb-08987ed84157cee3d",
            "id": "rtb-08987ed84157cee3d",
            "owner_id": "196302683510",
            "propagating_vgws": [],
            "route": [],
            "tags": {
              "Name": "VPC-public"
            },
            "tags_all": {
              "Name": "VPC-public"
            },
            "timeouts": null,
            "vpc_id": "vpc-040309ec85558884b"
          },
          "sensitive_attributes": [],
          "private": "eyJlMmJmYjczMC1lY2FhLTExZTYtOGY4OC0zNDM2M2JjN2M0YzAiOnsiY3JlYXRlIjozMDAwMDAwMDAwMDAsImRlbGV0ZSI6MzAwMDAwMDAwMDAwLCJ1cGRhdGUiOjEyMDAwMDAwMDAwMH19",
          "dependencies": [
            "module.vpc.aws_vpc.this",
            "module.vpc.aws_vpc_ipv4_cidr_block_association.this"
          ]
        }
      ]
    },
    {
      "module": "module.vpc",
      "mode": "managed",
      "type": "aws_route_table_association",
      "name": "private",
      "provider": "provider[\"registry.terraform.io/hashicorp/aws\"]",
      "instances": [
        {
          "index_key": 0,
          "schema_version": 0,
          "attributes": {
            "gateway_id": "",
            "id": "rtbassoc-0f5ecbf2942647659",
            "route_table_id": "rtb-042b4d6511d9bc4d3",
            "subnet_id": "subnet-0c75fe77e20d99c8f"
          },
          "sensitive_attributes": [],
          "private": "bnVsbA==",
          "dependencies": [
            "module.vpc.aws_route_table.private",
            "module.vpc.aws_subnet.private",
            "module.vpc.aws_vpc.this",
            "module.vpc.aws_vpc_ipv4_cidr_block_association.this"
          ]
        },
        {
          "index_key": 1,
          "schema_version": 0,
          "attributes": {
            "gateway_id": "",
            "id": "rtbassoc-0bf0c12fcb5190626",
            "route_table_id": "rtb-042b4d6511d9bc4d3",
            "subnet_id": "subnet-03235c3efcdc07b0e"
          },
          "sensitive_attributes": [],
          "private": "bnVsbA==",
          "dependencies": [
            "module.vpc.aws_route_table.private",
            "module.vpc.aws_subnet.private",
            "module.vpc.aws_vpc.this",
            "module.vpc.aws_vpc_ipv4_cidr_block_association.this"
          ]
        },
        {
          "index_key": 2,
          "schema_version": 0,
          "attributes": {
            "gateway_id": "",
            "id": "rtbassoc-08c259b8e4e20fd09",
            "route_table_id": "rtb-042b4d6511d9bc4d3",
            "subnet_id": "subnet-0ed348da0aa329f94"
          },
          "sensitive_attributes": [],
          "private": "bnVsbA==",
          "dependencies": [
            "module.vpc.aws_route_table.private",
            "module.vpc.aws_subnet.private",
            "module.vpc.aws_vpc.this",
            "module.vpc.aws_vpc_ipv4_cidr_block_association.this"
          ]
        },
        {
          "index_key": 3,
          "schema_version": 0,
          "attributes": {
            "gateway_id": "",
            "id": "rtbassoc-0d009eb236246995f",
            "route_table_id": "rtb-042b4d6511d9bc4d3",
            "subnet_id": "subnet-055e18790fea0d581"
          },
          "sensitive_attributes": [],
          "private": "bnVsbA==",
          "dependencies": [
            "module.vpc.aws_route_table.private",
            "module.vpc.aws_subnet.private",
            "module.vpc.aws_vpc.this",
            "module.vpc.aws_vpc_ipv4_cidr_block_association.this"
          ]
        },
        {
          "index_key": 4,
          "schema_version": 0,
          "attributes": {
            "gateway_id": "",
            "id": "rtbassoc-0a0e605bc138fe41a",
            "route_table_id": "rtb-042b4d6511d9bc4d3",
            "subnet_id": "subnet-0acca79927414043e"
          },
          "sensitive_attributes": [],
          "private": "bnVsbA==",
          "dependencies": [
            "module.vpc.aws_route_table.private",
            "module.vpc.aws_subnet.private",
            "module.vpc.aws_vpc.this",
            "module.vpc.aws_vpc_ipv4_cidr_block_association.this"
          ]
        }
      ]
    },
    {
      "module": "module.vpc",
      "mode": "managed",
      "type": "aws_route_table_association",
      "name": "public",
      "provider": "provider[\"registry.terraform.io/hashicorp/aws\"]",
      "instances": [
        {
          "index_key": 0,
          "schema_version": 0,
          "attributes": {
            "gateway_id": "",
            "id": "rtbassoc-0c466581a91db4af6",
            "route_table_id": "rtb-08987ed84157cee3d",
            "subnet_id": "subnet-0a599a9b2a283df44"
          },
          "sensitive_attributes": [],
          "private": "bnVsbA==",
          "dependencies": [
            "module.vpc.aws_route_table.public",
            "module.vpc.aws_subnet.public",
            "module.vpc.aws_vpc.this",
            "module.vpc.aws_vpc_ipv4_cidr_block_association.this"
          ]
        },
        {
          "index_key": 1,
          "schema_version": 0,
          "attributes": {
            "gateway_id": "",
            "id": "rtbassoc-0e6e8c4541df55a93",
            "route_table_id": "rtb-08987ed84157cee3d",
            "subnet_id": "subnet-0780454c02daef1f8"
          },
          "sensitive_attributes": [],
          "private": "bnVsbA==",
          "dependencies": [
            "module.vpc.aws_route_table.public",
            "module.vpc.aws_subnet.public",
            "module.vpc.aws_vpc.this",
            "module.vpc.aws_vpc_ipv4_cidr_block_association.this"
          ]
        },
        {
          "index_key": 2,
          "schema_version": 0,
          "attributes": {
            "gateway_id": "",
            "id": "rtbassoc-089d55dee1505a0cb",
            "route_table_id": "rtb-08987ed84157cee3d",
            "subnet_id": "subnet-06637e1a22ad08a05"
          },
          "sensitive_attributes": [],
          "private": "bnVsbA==",
          "dependencies": [
            "module.vpc.aws_route_table.public",
            "module.vpc.aws_subnet.public",
            "module.vpc.aws_vpc.this",
            "module.vpc.aws_vpc_ipv4_cidr_block_association.this"
          ]
        },
        {
          "index_key": 3,
          "schema_version": 0,
          "attributes": {
            "gateway_id": "",
            "id": "rtbassoc-031ae3c1175256895",
            "route_table_id": "rtb-08987ed84157cee3d",
            "subnet_id": "subnet-01b4f55b874b865f8"
          },
          "sensitive_attributes": [],
          "private": "bnVsbA==",
          "dependencies": [
            "module.vpc.aws_route_table.public",
            "module.vpc.aws_subnet.public",
            "module.vpc.aws_vpc.this",
            "module.vpc.aws_vpc_ipv4_cidr_block_association.this"
          ]
        },
        {
          "index_key": 4,
          "schema_version": 0,
          "attributes": {
            "gateway_id": "",
            "id": "rtbassoc-08123935c9706a89f",
            "route_table_id": "rtb-08987ed84157cee3d",
            "subnet_id": "subnet-0b0480e2f3796d4bf"
          },
          "sensitive_attributes": [],
          "private": "bnVsbA==",
          "dependencies": [
            "module.vpc.aws_route_table.public",
            "module.vpc.aws_subnet.public",
            "module.vpc.aws_vpc.this",
            "module.vpc.aws_vpc_ipv4_cidr_block_association.this"
          ]
        }
      ]
    },
    {
      "module": "module.vpc",
      "mode": "managed",
      "type": "aws_subnet",
      "name": "private",
      "provider": "provider[\"registry.terraform.io/hashicorp/aws\"]",
      "instances": [
        {
          "index_key": 0,
          "schema_version": 1,
          "attributes": {
            "arn": "arn:aws:ec2:us-east-1:196302683510:subnet/subnet-0c75fe77e20d99c8f",
            "assign_ipv6_address_on_creation": false,
            "availability_zone": "us-east-1a",
            "availability_zone_id": "use1-az6",
            "cidr_block": "172.23.0.0/22",
            "customer_owned_ipv4_pool": "",
            "enable_dns64": false,
            "enable_resource_name_dns_a_record_on_launch": false,
            "enable_resource_name_dns_aaaa_record_on_launch": false,
            "id": "subnet-0c75fe77e20d99c8f",
            "ipv6_cidr_block": "",
            "ipv6_cidr_block_association_id": "",
            "ipv6_native": false,
            "map_customer_owned_ip_on_launch": false,
            "map_public_ip_on_launch": false,
            "outpost_arn": "",
            "owner_id": "196302683510",
            "private_dns_hostname_type_on_launch": "ip-name",
            "tags": {
              "Name": "caldera-test_private"
            },
            "tags_all": {
              "Name": "caldera-test_private"
            },
            "timeouts": null,
            "vpc_id": "vpc-040309ec85558884b"
          },
          "sensitive_attributes": [],
          "private": "eyJlMmJmYjczMC1lY2FhLTExZTYtOGY4OC0zNDM2M2JjN2M0YzAiOnsiY3JlYXRlIjo2MDAwMDAwMDAwMDAsImRlbGV0ZSI6MTIwMDAwMDAwMDAwMH0sInNjaGVtYV92ZXJzaW9uIjoiMSJ9",
          "dependencies": [
            "module.vpc.aws_vpc.this",
            "module.vpc.aws_vpc_ipv4_cidr_block_association.this"
          ]
        },
        {
          "index_key": 1,
          "schema_version": 1,
          "attributes": {
            "arn": "arn:aws:ec2:us-east-1:196302683510:subnet/subnet-03235c3efcdc07b0e",
            "assign_ipv6_address_on_creation": false,
            "availability_zone": "us-east-1b",
            "availability_zone_id": "use1-az1",
            "cidr_block": "172.23.32.0/22",
            "customer_owned_ipv4_pool": "",
            "enable_dns64": false,
            "enable_resource_name_dns_a_record_on_launch": false,
            "enable_resource_name_dns_aaaa_record_on_launch": false,
            "id": "subnet-03235c3efcdc07b0e",
            "ipv6_cidr_block": "",
            "ipv6_cidr_block_association_id": "",
            "ipv6_native": false,
            "map_customer_owned_ip_on_launch": false,
            "map_public_ip_on_launch": false,
            "outpost_arn": "",
            "owner_id": "196302683510",
            "private_dns_hostname_type_on_launch": "ip-name",
            "tags": {
              "Name": "caldera-test_private"
            },
            "tags_all": {
              "Name": "caldera-test_private"
            },
            "timeouts": null,
            "vpc_id": "vpc-040309ec85558884b"
          },
          "sensitive_attributes": [],
          "private": "eyJlMmJmYjczMC1lY2FhLTExZTYtOGY4OC0zNDM2M2JjN2M0YzAiOnsiY3JlYXRlIjo2MDAwMDAwMDAwMDAsImRlbGV0ZSI6MTIwMDAwMDAwMDAwMH0sInNjaGVtYV92ZXJzaW9uIjoiMSJ9",
          "dependencies": [
            "module.vpc.aws_vpc.this",
            "module.vpc.aws_vpc_ipv4_cidr_block_association.this"
          ]
        },
        {
          "index_key": 2,
          "schema_version": 1,
          "attributes": {
            "arn": "arn:aws:ec2:us-east-1:196302683510:subnet/subnet-0ed348da0aa329f94",
            "assign_ipv6_address_on_creation": false,
            "availability_zone": "us-east-1c",
            "availability_zone_id": "use1-az2",
            "cidr_block": "172.23.64.0/22",
            "customer_owned_ipv4_pool": "",
            "enable_dns64": false,
            "enable_resource_name_dns_a_record_on_launch": false,
            "enable_resource_name_dns_aaaa_record_on_launch": false,
            "id": "subnet-0ed348da0aa329f94",
            "ipv6_cidr_block": "",
            "ipv6_cidr_block_association_id": "",
            "ipv6_native": false,
            "map_customer_owned_ip_on_launch": false,
            "map_public_ip_on_launch": false,
            "outpost_arn": "",
            "owner_id": "196302683510",
            "private_dns_hostname_type_on_launch": "ip-name",
            "tags": {
              "Name": "caldera-test_private"
            },
            "tags_all": {
              "Name": "caldera-test_private"
            },
            "timeouts": null,
            "vpc_id": "vpc-040309ec85558884b"
          },
          "sensitive_attributes": [],
          "private": "eyJlMmJmYjczMC1lY2FhLTExZTYtOGY4OC0zNDM2M2JjN2M0YzAiOnsiY3JlYXRlIjo2MDAwMDAwMDAwMDAsImRlbGV0ZSI6MTIwMDAwMDAwMDAwMH0sInNjaGVtYV92ZXJzaW9uIjoiMSJ9",
          "dependencies": [
            "module.vpc.aws_vpc.this",
            "module.vpc.aws_vpc_ipv4_cidr_block_association.this"
          ]
        },
        {
          "index_key": 3,
          "schema_version": 1,
          "attributes": {
            "arn": "arn:aws:ec2:us-east-1:196302683510:subnet/subnet-055e18790fea0d581",
            "assign_ipv6_address_on_creation": false,
            "availability_zone": "us-east-1d",
            "availability_zone_id": "use1-az4",
            "cidr_block": "172.23.96.0/22",
            "customer_owned_ipv4_pool": "",
            "enable_dns64": false,
            "enable_resource_name_dns_a_record_on_launch": false,
            "enable_resource_name_dns_aaaa_record_on_launch": false,
            "id": "subnet-055e18790fea0d581",
            "ipv6_cidr_block": "",
            "ipv6_cidr_block_association_id": "",
            "ipv6_native": false,
            "map_customer_owned_ip_on_launch": false,
            "map_public_ip_on_launch": false,
            "outpost_arn": "",
            "owner_id": "196302683510",
            "private_dns_hostname_type_on_launch": "ip-name",
            "tags": {
              "Name": "caldera-test_private"
            },
            "tags_all": {
              "Name": "caldera-test_private"
            },
            "timeouts": null,
            "vpc_id": "vpc-040309ec85558884b"
          },
          "sensitive_attributes": [],
          "private": "eyJlMmJmYjczMC1lY2FhLTExZTYtOGY4OC0zNDM2M2JjN2M0YzAiOnsiY3JlYXRlIjo2MDAwMDAwMDAwMDAsImRlbGV0ZSI6MTIwMDAwMDAwMDAwMH0sInNjaGVtYV92ZXJzaW9uIjoiMSJ9",
          "dependencies": [
            "module.vpc.aws_vpc.this",
            "module.vpc.aws_vpc_ipv4_cidr_block_association.this"
          ]
        },
        {
          "index_key": 4,
          "schema_version": 1,
          "attributes": {
            "arn": "arn:aws:ec2:us-east-1:196302683510:subnet/subnet-0acca79927414043e",
            "assign_ipv6_address_on_creation": false,
            "availability_zone": "us-east-1f",
            "availability_zone_id": "use1-az5",
            "cidr_block": "172.23.160.0/22",
            "customer_owned_ipv4_pool": "",
            "enable_dns64": false,
            "enable_resource_name_dns_a_record_on_launch": false,
            "enable_resource_name_dns_aaaa_record_on_launch": false,
            "id": "subnet-0acca79927414043e",
            "ipv6_cidr_block": "",
            "ipv6_cidr_block_association_id": "",
            "ipv6_native": false,
            "map_customer_owned_ip_on_launch": false,
            "map_public_ip_on_launch": false,
            "outpost_arn": "",
            "owner_id": "196302683510",
            "private_dns_hostname_type_on_launch": "ip-name",
            "tags": {
              "Name": "caldera-test_private"
            },
            "tags_all": {
              "Name": "caldera-test_private"
            },
            "timeouts": null,
            "vpc_id": "vpc-040309ec85558884b"
          },
          "sensitive_attributes": [],
          "private": "eyJlMmJmYjczMC1lY2FhLTExZTYtOGY4OC0zNDM2M2JjN2M0YzAiOnsiY3JlYXRlIjo2MDAwMDAwMDAwMDAsImRlbGV0ZSI6MTIwMDAwMDAwMDAwMH0sInNjaGVtYV92ZXJzaW9uIjoiMSJ9",
          "dependencies": [
            "module.vpc.aws_vpc.this",
            "module.vpc.aws_vpc_ipv4_cidr_block_association.this"
          ]
        }
      ]
    },
    {
      "module": "module.vpc",
      "mode": "managed",
      "type": "aws_subnet",
      "name": "public",
      "provider": "provider[\"registry.terraform.io/hashicorp/aws\"]",
      "instances": [
        {
          "index_key": 0,
          "schema_version": 1,
          "attributes": {
            "arn": "arn:aws:ec2:us-east-1:196302683510:subnet/subnet-0a599a9b2a283df44",
            "assign_ipv6_address_on_creation": false,
            "availability_zone": "us-east-1a",
            "availability_zone_id": "use1-az6",
            "cidr_block": "172.23.4.0/22",
            "customer_owned_ipv4_pool": "",
            "enable_dns64": false,
            "enable_resource_name_dns_a_record_on_launch": false,
            "enable_resource_name_dns_aaaa_record_on_launch": false,
            "id": "subnet-0a599a9b2a283df44",
            "ipv6_cidr_block": "",
            "ipv6_cidr_block_association_id": "",
            "ipv6_native": false,
            "map_customer_owned_ip_on_launch": false,
            "map_public_ip_on_launch": true,
            "outpost_arn": "",
            "owner_id": "196302683510",
            "private_dns_hostname_type_on_launch": "ip-name",
            "tags": {
              "Name": "caldera-test_public"
            },
            "tags_all": {
              "Name": "caldera-test_public"
            },
            "timeouts": null,
            "vpc_id": "vpc-040309ec85558884b"
          },
          "sensitive_attributes": [],
          "private": "eyJlMmJmYjczMC1lY2FhLTExZTYtOGY4OC0zNDM2M2JjN2M0YzAiOnsiY3JlYXRlIjo2MDAwMDAwMDAwMDAsImRlbGV0ZSI6MTIwMDAwMDAwMDAwMH0sInNjaGVtYV92ZXJzaW9uIjoiMSJ9",
          "dependencies": [
            "module.vpc.aws_vpc.this",
            "module.vpc.aws_vpc_ipv4_cidr_block_association.this"
          ]
        },
        {
          "index_key": 1,
          "schema_version": 1,
          "attributes": {
            "arn": "arn:aws:ec2:us-east-1:196302683510:subnet/subnet-0780454c02daef1f8",
            "assign_ipv6_address_on_creation": false,
            "availability_zone": "us-east-1b",
            "availability_zone_id": "use1-az1",
            "cidr_block": "172.23.36.0/22",
            "customer_owned_ipv4_pool": "",
            "enable_dns64": false,
            "enable_resource_name_dns_a_record_on_launch": false,
            "enable_resource_name_dns_aaaa_record_on_launch": false,
            "id": "subnet-0780454c02daef1f8",
            "ipv6_cidr_block": "",
            "ipv6_cidr_block_association_id": "",
            "ipv6_native": false,
            "map_customer_owned_ip_on_launch": false,
            "map_public_ip_on_launch": true,
            "outpost_arn": "",
            "owner_id": "196302683510",
            "private_dns_hostname_type_on_launch": "ip-name",
            "tags": {
              "Name": "caldera-test_public"
            },
            "tags_all": {
              "Name": "caldera-test_public"
            },
            "timeouts": null,
            "vpc_id": "vpc-040309ec85558884b"
          },
          "sensitive_attributes": [],
          "private": "eyJlMmJmYjczMC1lY2FhLTExZTYtOGY4OC0zNDM2M2JjN2M0YzAiOnsiY3JlYXRlIjo2MDAwMDAwMDAwMDAsImRlbGV0ZSI6MTIwMDAwMDAwMDAwMH0sInNjaGVtYV92ZXJzaW9uIjoiMSJ9",
          "dependencies": [
            "module.vpc.aws_vpc.this",
            "module.vpc.aws_vpc_ipv4_cidr_block_association.this"
          ]
        },
        {
          "index_key": 2,
          "schema_version": 1,
          "attributes": {
            "arn": "arn:aws:ec2:us-east-1:196302683510:subnet/subnet-06637e1a22ad08a05",
            "assign_ipv6_address_on_creation": false,
            "availability_zone": "us-east-1c",
            "availability_zone_id": "use1-az2",
            "cidr_block": "172.23.68.0/22",
            "customer_owned_ipv4_pool": "",
            "enable_dns64": false,
            "enable_resource_name_dns_a_record_on_launch": false,
            "enable_resource_name_dns_aaaa_record_on_launch": false,
            "id": "subnet-06637e1a22ad08a05",
            "ipv6_cidr_block": "",
            "ipv6_cidr_block_association_id": "",
            "ipv6_native": false,
            "map_customer_owned_ip_on_launch": false,
            "map_public_ip_on_launch": true,
            "outpost_arn": "",
            "owner_id": "196302683510",
            "private_dns_hostname_type_on_launch": "ip-name",
            "tags": {
              "Name": "caldera-test_public"
            },
            "tags_all": {
              "Name": "caldera-test_public"
            },
            "timeouts": null,
            "vpc_id": "vpc-040309ec85558884b"
          },
          "sensitive_attributes": [],
          "private": "eyJlMmJmYjczMC1lY2FhLTExZTYtOGY4OC0zNDM2M2JjN2M0YzAiOnsiY3JlYXRlIjo2MDAwMDAwMDAwMDAsImRlbGV0ZSI6MTIwMDAwMDAwMDAwMH0sInNjaGVtYV92ZXJzaW9uIjoiMSJ9",
          "dependencies": [
            "module.vpc.aws_vpc.this",
            "module.vpc.aws_vpc_ipv4_cidr_block_association.this"
          ]
        },
        {
          "index_key": 3,
          "schema_version": 1,
          "attributes": {
            "arn": "arn:aws:ec2:us-east-1:196302683510:subnet/subnet-01b4f55b874b865f8",
            "assign_ipv6_address_on_creation": false,
            "availability_zone": "us-east-1d",
            "availability_zone_id": "use1-az4",
            "cidr_block": "172.23.100.0/22",
            "customer_owned_ipv4_pool": "",
            "enable_dns64": false,
            "enable_resource_name_dns_a_record_on_launch": false,
            "enable_resource_name_dns_aaaa_record_on_launch": false,
            "id": "subnet-01b4f55b874b865f8",
            "ipv6_cidr_block": "",
            "ipv6_cidr_block_association_id": "",
            "ipv6_native": false,
            "map_customer_owned_ip_on_launch": false,
            "map_public_ip_on_launch": true,
            "outpost_arn": "",
            "owner_id": "196302683510",
            "private_dns_hostname_type_on_launch": "ip-name",
            "tags": {
              "Name": "caldera-test_public"
            },
            "tags_all": {
              "Name": "caldera-test_public"
            },
            "timeouts": null,
            "vpc_id": "vpc-040309ec85558884b"
          },
          "sensitive_attributes": [],
          "private": "eyJlMmJmYjczMC1lY2FhLTExZTYtOGY4OC0zNDM2M2JjN2M0YzAiOnsiY3JlYXRlIjo2MDAwMDAwMDAwMDAsImRlbGV0ZSI6MTIwMDAwMDAwMDAwMH0sInNjaGVtYV92ZXJzaW9uIjoiMSJ9",
          "dependencies": [
            "module.vpc.aws_vpc.this",
            "module.vpc.aws_vpc_ipv4_cidr_block_association.this"
          ]
        },
        {
          "index_key": 4,
          "schema_version": 1,
          "attributes": {
            "arn": "arn:aws:ec2:us-east-1:196302683510:subnet/subnet-0b0480e2f3796d4bf",
            "assign_ipv6_address_on_creation": false,
            "availability_zone": "us-east-1f",
            "availability_zone_id": "use1-az5",
            "cidr_block": "172.23.164.0/22",
            "customer_owned_ipv4_pool": "",
            "enable_dns64": false,
            "enable_resource_name_dns_a_record_on_launch": false,
            "enable_resource_name_dns_aaaa_record_on_launch": false,
            "id": "subnet-0b0480e2f3796d4bf",
            "ipv6_cidr_block": "",
            "ipv6_cidr_block_association_id": "",
            "ipv6_native": false,
            "map_customer_owned_ip_on_launch": false,
            "map_public_ip_on_launch": true,
            "outpost_arn": "",
            "owner_id": "196302683510",
            "private_dns_hostname_type_on_launch": "ip-name",
            "tags": {
              "Name": "caldera-test_public"
            },
            "tags_all": {
              "Name": "caldera-test_public"
            },
            "timeouts": null,
            "vpc_id": "vpc-040309ec85558884b"
          },
          "sensitive_attributes": [],
          "private": "eyJlMmJmYjczMC1lY2FhLTExZTYtOGY4OC0zNDM2M2JjN2M0YzAiOnsiY3JlYXRlIjo2MDAwMDAwMDAwMDAsImRlbGV0ZSI6MTIwMDAwMDAwMDAwMH0sInNjaGVtYV92ZXJzaW9uIjoiMSJ9",
          "dependencies": [
            "module.vpc.aws_vpc.this",
            "module.vpc.aws_vpc_ipv4_cidr_block_association.this"
          ]
        }
      ]
    },
    {
      "module": "module.vpc",
      "mode": "managed",
      "type": "aws_vpc",
      "name": "this",
      "provider": "provider[\"registry.terraform.io/hashicorp/aws\"]",
      "instances": [
        {
          "index_key": 0,
          "schema_version": 1,
          "attributes": {
            "arn": "arn:aws:ec2:us-east-1:196302683510:vpc/vpc-040309ec85558884b",
            "assign_generated_ipv6_cidr_block": false,
            "cidr_block": "172.23.0.0/16",
            "default_network_acl_id": "acl-08faeb2e0135d08b0",
            "default_route_table_id": "rtb-07773e9c991506ac0",
            "default_security_group_id": "sg-0a76b0f51b0d25e60",
            "dhcp_options_id": "dopt-078e3ec685117c928",
            "enable_classiclink": false,
            "enable_classiclink_dns_support": false,
            "enable_dns_hostnames": true,
            "enable_dns_support": true,
            "id": "vpc-040309ec85558884b",
            "instance_tenancy": "default",
            "ipv4_ipam_pool_id": null,
            "ipv4_netmask_length": null,
            "ipv6_association_id": "",
            "ipv6_cidr_block": "",
            "ipv6_cidr_block_network_border_group": "",
            "ipv6_ipam_pool_id": "",
            "ipv6_netmask_length": 0,
            "main_route_table_id": "rtb-07773e9c991506ac0",
            "owner_id": "196302683510",
            "tags": {
              "Name": "VPC"
            },
            "tags_all": {
              "Name": "VPC"
            }
          },
          "sensitive_attributes": [],
          "private": "eyJzY2hlbWFfdmVyc2lvbiI6IjEifQ=="
        }
      ]
    }
  ]
}
