{
  "version": 4,
  "terraform_version": "1.2.4",
  "serial": 33,
  "lineage": "bcee08d2-dad4-d479-a691-1dfec5e97f0f",
  "outputs": {
    "caldera_server_id": {
      "value": "i-0893004381c2c47e4",
      "type": "string"
    },
    "caldera_server_ip": {
      "value": "34.238.240.192",
      "type": "string"
    },
    "rsa_private_key": {
      "value": "-----BEGIN RSA PRIVATE KEY-----\nMIIJKAIBAAKCAgEAnHi9l9UVe6WH1lPYCVntTkxRK0rXIC99wib3Eo97tYoLynhO\nDSdvnLunYQFnLFA4+7c1VfGMWQ3x7DSBlurABtp92RzC1R7MuWlg5xykNOfoq6rl\ngnHiwZNP39lMi5rBU1RYSGp7V8QwCTmSLMk0yj+M0Oj4sX/YqP1mCp5JVuRApkEy\nCcWiEkO0YUm7r6drCMpMhUlct+434U4Divy0neo+6xC3+QISdZ4NlcpyxzOzKxWD\n2wIRIzBWGG2NX1OQ3Q67r88SsV1KD/NyxtB/cSixiwxtkNOWsjxzSW02PA6bPN2/\n7a8uUNSRI/UqCgjp+VQ22E3E+Eas9Yb9iSv/Al401rFsDysXZbgKNyUGWuPKK8Ye\nIq7dwfU0nz/8lkfgrL2xCZSfQdO80Ob2wkXZlvScn0JeA2XvP1iHuK4JRuejLNxj\nB0yA+iVmOS/OQ77Rmss4cvN8n3U4oJGgvhuB+0U049bOxxweXgYdXOfVXYsSpUhw\nSC7+U5XUZdV+POm6dw/3eW13X6PxCsf74tUos6C6TrVT4A81v0s6q+ZJ26ZnHW93\n8+Ox9vrGv7vT/19FdBEZyIBNF5FK3UyzMavS/QmHCbusLLHKC05YkZZJu3K/5d5l\nv3jkzkWsZjN2wOO1Azcv9KMgg/6wkbptw9MmOLOtG4ur1ZrUcG4GZtHGb2UCAwEA\nAQKCAgA2YN/C/JLSvdxPaCQUW+RU6cDrwr6wuNCDwPbsxGDB3o/qdZTqjWIEnlK1\nK7+nbtne4PTwQVn9ORNye2zt/fdualCCO7SaTHHpne3HY/TNTitWPbY1d07O51tC\n+EnZ2paFVzK3OApVniDzk8ZxOhvWje9qSwzi4wNw91+XIRtrzzeIj+/L5ZtFrbHq\nfa10hkJ0c5nUWIKYiXlyG6KvktNSbi4fk1fcehPgPGWMQSdSg20o8/k3C6jZCdth\n8fDHyEr4CD7CAr0EVt9+W6Tv41XnBbVuFYueYWpl1wxZ4FKQ3KKmrIofGFqITNeE\nH5fUlPR7agEFe0GQ5z8EtT03hsrAhLepqHov5EjZj8T81zmW+Zx/JMteeUJwLnfv\nyNP5GUvhJYcO2enBS3/xkrr5D9Tg0JfrFm+OKMpk1NfnPa36bEuAuC6uEW2iG2Vw\nWC2ZCrV2IAV6wVeCTDCYPXtFKx3ZyQKv1Lx0hcwNEh0zSGA7P5Q6hK1dv7WtERCj\npdEFMGXV0FcdR5Q6Fr3YgJlbM5tGPAY7e9JwKqYCEqppJOGcgNjHt+hJFl6w7PcY\n5JCdi/y0I5K0AJmJFZfZBSXcSwVZkHVbujEjNttj2WhpNdcV5mrUIR2kEFwuxS6A\ncEMfDI/kOi8mdsqgd0/o+qYxFelyBfwjAIJ2d2TpI1jSTLAhoQKCAQEAwNo4ZEn+\nPQdE7DkY3C4FwHLJPP4QBsl+M1loBuVf8YTq75rcM39CAwcfwdxnLMbtkKQAtc1N\n41w8ubQOR6GalfRvgINn3DKfCNGncrM5FDTxpZwcxmF/V1szOnDXmhBomZkX0TKc\nBMK6rt21mcOjrC83Ff7lpgY/JeE+jYh5xRXc1H/eWtFVH5++H+U8rl+eKwwVO53x\nnhck0ASJDdIYMTjFhJ+qZD/U+oRpEAh6cJcuwF44UEzPeyWIw7SsSQlWOvnOAvTq\nPQ9UMs2irJMbcXKCxyu5GyoPiU4HbYu/Z7HdTBoVDL+cEcAQCP9Kn3nkbRFSSnNd\n9vbbCs0odzjfewKCAQEAz7TqXxLdmm4HKYdsMnkJ1vX+cOilWknuJNslOwbTRu0h\nA38QUxc9teZfBMVW7h1a1FyodW0jqD6DTaqd1qfIzEQKBL+hmHVXUs6Gb4dKam0s\njBP85lBoGbI3Uhy3xAozXmhajOPo4qiqpRfZPMPnu0lJDNukY4YwPIq0SrHt7cId\ntvX4EGI5Js1lfeU9nA6pHWtriY9PrWLMjwiBFsA5C2BsDTGn1pR9aGKkxQuboVMu\nYgKaq8Hy2lbNJouWjPD8EywS0DhSpDjucaMumGxPSSO50YT1kt5z6F6qrceV2syO\n661KQTZ48YVo2LxNL2sjdMH9oB0ktrXsVinNzYhGnwKCAQABGz9nk+UZhIkoscsq\nuDjgOchdyTdeUpmewcyO/ZHnWNPgPAs3YGuIiOntus38u8dxJP+8C0l/HHBcwGO0\nlYDFi3l4S0i1QrUW390OE2kobIVWZebkXHrWjXdlxm/2OlHfT7mLQbcTb+qSRkNc\ndnrh6gNu5N98bFzAYuJw/W91agKyVWl5K+pJHCmDFVWbyoClzpPwm59fQNK9Pslq\nguIQpjq74A6iNJuMNGZF6UaKjtN91wyLqWUnV7fJJ6g1YxBTlktQSQdvAj+Baxyb\n0Nw/cmC9s8qEFWGxb/kq77pRZfvXC+9C+3Zxw6BT7OMItzJQTeEi/DZ1zETFcxfg\nVzsxAoIBAQC0/7y1OOVvq64GHILGwP84GYmurq1ZLs+dwnKBK4N1bTK1r0Z0ge4+\n0w++QpFsUpxSLqSGH6NQ+5jEV4fQBMpQZoIsfSm+h5KfEGXKTqUkdRq6vrhFo4/z\nxH+8yFXDOfhlrp4p5HmO+tgpocymzTjk1goYcFaie88REvXlmYPzCpOGWnXfIRkY\nnShyOxAjLAtnHbLKXt5aA5yqkAid4MhVB6NhJAJUVXWrPzrCk0j9nlTvB8HtJsgQ\nSE/h5QY+r8mak2+Zj1tEzG/NCxyRquC0pbNJx4mQgNWUitpFMYV+838gFRR+G4/t\nOAqTxBOm3MA7AMmZe4wAxCu9MhSrpLOVAoIBAFAqPAWnEh74ZuMjE7Ml27b2beuQ\n77zfjmST607BouYqy1GOzkZvhL/MtwoHb1uRnSu9ZX0InMVFzAvwp936O38ZILrt\nSwwvJf+bo0pjohG+4lWwhiazalv7CcZ4xM5EFntYot1YwNCkYa5AMmzU3i8e3oeF\ndngCwi4fSE/LEaUMizbwbCNeme8Pp2yu4sk8o0YFDJY9FOcs1fYJj18yXRvmtF73\nWBok/OESHBFTj2K7mMHI+Vkqv4nw4qOIHOi2d+AwdPG+KPk29J9LJDQuiEfcPR5H\nRkPafOXdz96/WbJ4vxA/4tbABx73MOvd0KzAhYcTrLskOD/PDKxQVgVVJ0s=\n-----END RSA PRIVATE KEY-----\n",
      "type": "string"
    }
  },
  "resources": [
    {
      "mode": "managed",
      "type": "aws_instance",
      "name": "caldera_server",
      "provider": "provider[\"registry.terraform.io/hashicorp/aws\"]",
      "instances": [
        {
          "schema_version": 1,
          "attributes": {
            "ami": "ami-09d56f8956ab235b3",
            "arn": "arn:aws:ec2:us-east-1:580234752977:instance/i-0893004381c2c47e4",
            "associate_public_ip_address": true,
            "availability_zone": "us-east-1a",
            "capacity_reservation_specification": [
              {
                "capacity_reservation_preference": "open",
                "capacity_reservation_target": []
              }
            ],
            "cpu_core_count": 1,
            "cpu_threads_per_core": 2,
            "credit_specification": [
              {
                "cpu_credits": "unlimited"
              }
            ],
            "disable_api_stop": false,
            "disable_api_termination": false,
            "ebs_block_device": [],
            "ebs_optimized": false,
            "enclave_options": [
              {
                "enabled": false
              }
            ],
            "ephemeral_block_device": [],
            "get_password_data": false,
            "hibernation": false,
            "host_id": null,
            "iam_instance_profile": "",
            "id": "i-0893004381c2c47e4",
            "instance_initiated_shutdown_behavior": "stop",
            "instance_state": "running",
            "instance_type": "t3.medium",
            "ipv6_address_count": 0,
            "ipv6_addresses": [],
            "key_name": "caldera-nodes",
            "launch_template": [],
            "maintenance_options": [
              {
                "auto_recovery": "default"
              }
            ],
            "metadata_options": [
              {
                "http_endpoint": "enabled",
                "http_put_response_hop_limit": 1,
                "http_tokens": "optional",
                "instance_metadata_tags": "disabled"
              }
            ],
            "monitoring": false,
            "network_interface": [],
            "outpost_arn": "",
            "password_data": "",
            "placement_group": "",
            "placement_partition_number": null,
            "primary_network_interface_id": "eni-067f6c955ffd845e5",
            "private_dns": "ip-172-23-4-95.ec2.internal",
            "private_dns_name_options": [
              {
                "enable_resource_name_dns_a_record": false,
                "enable_resource_name_dns_aaaa_record": false,
                "hostname_type": "ip-name"
              }
            ],
            "private_ip": "172.23.4.95",
            "public_dns": "ec2-34-238-240-192.compute-1.amazonaws.com",
            "public_ip": "34.238.240.192",
            "root_block_device": [
              {
                "delete_on_termination": true,
                "device_name": "/dev/sda1",
                "encrypted": false,
                "iops": 100,
                "kms_key_id": "",
                "tags": {},
                "throughput": 0,
                "volume_id": "vol-02b609c4fb435cb4a",
                "volume_size": 8,
                "volume_type": "gp2"
              }
            ],
            "secondary_private_ips": [],
            "security_groups": [],
            "source_dest_check": true,
            "subnet_id": "subnet-045427e9029bca298",
            "tags": {
              "Name": "caldera_server",
              "environment": "caldera-test"
            },
            "tags_all": {
              "Name": "caldera_server",
              "environment": "caldera-test"
            },
            "tenancy": "default",
            "timeouts": null,
            "user_data": null,
            "user_data_base64": null,
            "user_data_replace_on_change": false,
            "volume_tags": null,
            "vpc_security_group_ids": [
              "sg-0d1e81648d044f3a5"
            ]
          },
          "sensitive_attributes": [],
          "private": "eyJlMmJmYjczMC1lY2FhLTExZTYtOGY4OC0zNDM2M2JjN2M0YzAiOnsiY3JlYXRlIjo2MDAwMDAwMDAwMDAsImRlbGV0ZSI6MTIwMDAwMDAwMDAwMCwidXBkYXRlIjo2MDAwMDAwMDAwMDB9LCJzY2hlbWFfdmVyc2lvbiI6IjEifQ==",
          "dependencies": [
            "aws_security_group.sg_caldera_server",
            "module.aws_rsa_key.aws_key_pair.worker",
            "module.aws_rsa_key.local_file.ssh_local",
            "module.aws_rsa_key.tls_private_key.ssh_key",
            "module.vpc.aws_cloudwatch_log_group.flow_log",
            "module.vpc.aws_customer_gateway.this",
            "module.vpc.aws_db_subnet_group.database",
            "module.vpc.aws_default_network_acl.this",
            "module.vpc.aws_default_route_table.default",
            "module.vpc.aws_default_security_group.this",
            "module.vpc.aws_default_vpc.this",
            "module.vpc.aws_egress_only_internet_gateway.this",
            "module.vpc.aws_eip.nat",
            "module.vpc.aws_elasticache_subnet_group.elasticache",
            "module.vpc.aws_flow_log.this",
            "module.vpc.aws_iam_policy.vpc_flow_log_cloudwatch",
            "module.vpc.aws_iam_role.vpc_flow_log_cloudwatch",
            "module.vpc.aws_iam_role_policy_attachment.vpc_flow_log_cloudwatch",
            "module.vpc.aws_internet_gateway.this",
            "module.vpc.aws_nat_gateway.this",
            "module.vpc.aws_network_acl.database",
            "module.vpc.aws_network_acl.elasticache",
            "module.vpc.aws_network_acl.intra",
            "module.vpc.aws_network_acl.outpost",
            "module.vpc.aws_network_acl.private",
            "module.vpc.aws_network_acl.public",
            "module.vpc.aws_network_acl.redshift",
            "module.vpc.aws_network_acl_rule.database_inbound",
            "module.vpc.aws_network_acl_rule.database_outbound",
            "module.vpc.aws_network_acl_rule.elasticache_inbound",
            "module.vpc.aws_network_acl_rule.elasticache_outbound",
            "module.vpc.aws_network_acl_rule.intra_inbound",
            "module.vpc.aws_network_acl_rule.intra_outbound",
            "module.vpc.aws_network_acl_rule.outpost_inbound",
            "module.vpc.aws_network_acl_rule.outpost_outbound",
            "module.vpc.aws_network_acl_rule.private_inbound",
            "module.vpc.aws_network_acl_rule.private_outbound",
            "module.vpc.aws_network_acl_rule.public_inbound",
            "module.vpc.aws_network_acl_rule.public_outbound",
            "module.vpc.aws_network_acl_rule.redshift_inbound",
            "module.vpc.aws_network_acl_rule.redshift_outbound",
            "module.vpc.aws_redshift_subnet_group.redshift",
            "module.vpc.aws_route.database_internet_gateway",
            "module.vpc.aws_route.database_ipv6_egress",
            "module.vpc.aws_route.database_nat_gateway",
            "module.vpc.aws_route.private_ipv6_egress",
            "module.vpc.aws_route.private_nat_gateway",
            "module.vpc.aws_route.public_internet_gateway",
            "module.vpc.aws_route.public_internet_gateway_ipv6",
            "module.vpc.aws_route_table.database",
            "module.vpc.aws_route_table.elasticache",
            "module.vpc.aws_route_table.intra",
            "module.vpc.aws_route_table.private",
            "module.vpc.aws_route_table.public",
            "module.vpc.aws_route_table.redshift",
            "module.vpc.aws_route_table_association.database",
            "module.vpc.aws_route_table_association.elasticache",
            "module.vpc.aws_route_table_association.intra",
            "module.vpc.aws_route_table_association.outpost",
            "module.vpc.aws_route_table_association.private",
            "module.vpc.aws_route_table_association.public",
            "module.vpc.aws_route_table_association.redshift",
            "module.vpc.aws_route_table_association.redshift_public",
            "module.vpc.aws_subnet.database",
            "module.vpc.aws_subnet.elasticache",
            "module.vpc.aws_subnet.intra",
            "module.vpc.aws_subnet.outpost",
            "module.vpc.aws_subnet.private",
            "module.vpc.aws_subnet.public",
            "module.vpc.aws_subnet.redshift",
            "module.vpc.aws_vpc.this",
            "module.vpc.aws_vpc_dhcp_options.this",
            "module.vpc.aws_vpc_dhcp_options_association.this",
            "module.vpc.aws_vpc_ipv4_cidr_block_association.this",
            "module.vpc.aws_vpn_gateway.this",
            "module.vpc.aws_vpn_gateway_attachment.this",
            "module.vpc.aws_vpn_gateway_route_propagation.intra",
            "module.vpc.aws_vpn_gateway_route_propagation.private",
            "module.vpc.aws_vpn_gateway_route_propagation.public",
            "module.vpc.data.aws_iam_policy_document.flow_log_cloudwatch_assume_role",
            "module.vpc.data.aws_iam_policy_document.vpc_flow_log_cloudwatch"
          ]
        }
      ]
    },
    {
      "mode": "managed",
      "type": "aws_security_group",
      "name": "sg_caldera_server",
      "provider": "provider[\"registry.terraform.io/hashicorp/aws\"]",
      "instances": [
        {
          "schema_version": 1,
          "attributes": {
            "arn": "arn:aws:ec2:us-east-1:580234752977:security-group/sg-0d1e81648d044f3a5",
            "description": "Allow ports for caldera server",
            "egress": [
              {
                "cidr_blocks": [
                  "0.0.0.0/0"
                ],
                "description": "",
                "from_port": 0,
                "ipv6_cidr_blocks": [],
                "prefix_list_ids": [],
                "protocol": "-1",
                "security_groups": [],
                "self": false,
                "to_port": 0
              }
            ],
            "id": "sg-0d1e81648d044f3a5",
            "ingress": [
              {
                "cidr_blocks": [
                  "0.0.0.0/0"
                ],
                "description": "Caldera server port",
                "from_port": 2288,
                "ipv6_cidr_blocks": [],
                "prefix_list_ids": [],
                "protocol": "tcp",
                "security_groups": [],
                "self": false,
                "to_port": 2288
              },
              {
                "cidr_blocks": [
                  "0.0.0.0/0"
                ],
                "description": "SSH from VPC",
                "from_port": 22,
                "ipv6_cidr_blocks": [],
                "prefix_list_ids": [],
                "protocol": "tcp",
                "security_groups": [],
                "self": false,
                "to_port": 22
              }
            ],
            "name": "sg_caldera_server",
            "name_prefix": "",
            "owner_id": "580234752977",
            "revoke_rules_on_delete": false,
            "tags": {
              "environment": "caldera-test"
            },
            "tags_all": {
              "environment": "caldera-test"
            },
            "timeouts": null,
            "vpc_id": "vpc-0a7691235c969ab4c"
          },
          "sensitive_attributes": [],
          "private": "eyJlMmJmYjczMC1lY2FhLTExZTYtOGY4OC0zNDM2M2JjN2M0YzAiOnsiY3JlYXRlIjo2MDAwMDAwMDAwMDAsImRlbGV0ZSI6OTAwMDAwMDAwMDAwfSwic2NoZW1hX3ZlcnNpb24iOiIxIn0=",
          "dependencies": [
            "module.vpc.aws_vpc.this"
          ]
        }
      ]
    },
    {
      "module": "module.aws_rsa_key",
      "mode": "managed",
      "type": "aws_key_pair",
      "name": "worker",
      "provider": "provider[\"registry.terraform.io/hashicorp/aws\"]",
      "instances": [
        {
          "schema_version": 1,
          "attributes": {
            "arn": "arn:aws:ec2:us-east-1:580234752977:key-pair/caldera-nodes",
            "fingerprint": "6b:f0:fe:b9:04:9f:36:f9:3d:7f:5b:2e:21:89:f9:20",
            "id": "caldera-nodes",
            "key_name": "caldera-nodes",
            "key_name_prefix": "",
            "key_pair_id": "key-0c54aa1498267baed",
            "key_type": "rsa",
            "public_key": "ssh-rsa AAAAB3NzaC1yc2EAAAADAQABAAACAQCceL2X1RV7pYfWU9gJWe1OTFErStcgL33CJvcSj3u1igvKeE4NJ2+cu6dhAWcsUDj7tzVV8YxZDfHsNIGW6sAG2n3ZHMLVHsy5aWDnHKQ05+irquWCceLBk0/f2UyLmsFTVFhIantXxDAJOZIsyTTKP4zQ6Pixf9io/WYKnklW5ECmQTIJxaISQ7RhSbuvp2sIykyFSVy37jfhTgOK/LSd6j7rELf5AhJ1ng2VynLHM7MrFYPbAhEjMFYYbY1fU5DdDruvzxKxXUoP83LG0H9xKLGLDG2Q05ayPHNJbTY8Dps83b/try5Q1JEj9SoKCOn5VDbYTcT4Rqz1hv2JK/8CXjTWsWwPKxdluAo3JQZa48orxh4irt3B9TSfP/yWR+CsvbEJlJ9B07zQ5vbCRdmW9JyfQl4DZe8/WIe4rglG56Ms3GMHTID6JWY5L85DvtGayzhy83yfdTigkaC+G4H7RTTj1s7HHB5eBh1c59VdixKlSHBILv5TldRl1X486bp3D/d5bXdfo/EKx/vi1SizoLpOtVPgDzW/Szqr5knbpmcdb3fz47H2+sa/u9P/X0V0ERnIgE0XkUrdTLMxq9L9CYcJu6wsscoLTliRlkm7cr/l3mW/eOTORaxmM3bA47UDNy/0oyCD/rCRum3D0yY4s60bi6vVmtRwbgZm0cZvZQ==",
            "tags": null,
            "tags_all": {}
          },
          "sensitive_attributes": [],
          "private": "eyJzY2hlbWFfdmVyc2lvbiI6IjEifQ==",
          "dependencies": [
            "module.aws_rsa_key.tls_private_key.ssh_key",
            "module.vpc.aws_cloudwatch_log_group.flow_log",
            "module.vpc.aws_customer_gateway.this",
            "module.vpc.aws_db_subnet_group.database",
            "module.vpc.aws_default_network_acl.this",
            "module.vpc.aws_default_route_table.default",
            "module.vpc.aws_default_security_group.this",
            "module.vpc.aws_default_vpc.this",
            "module.vpc.aws_egress_only_internet_gateway.this",
            "module.vpc.aws_eip.nat",
            "module.vpc.aws_elasticache_subnet_group.elasticache",
            "module.vpc.aws_flow_log.this",
            "module.vpc.aws_iam_policy.vpc_flow_log_cloudwatch",
            "module.vpc.aws_iam_role.vpc_flow_log_cloudwatch",
            "module.vpc.aws_iam_role_policy_attachment.vpc_flow_log_cloudwatch",
            "module.vpc.aws_internet_gateway.this",
            "module.vpc.aws_nat_gateway.this",
            "module.vpc.aws_network_acl.database",
            "module.vpc.aws_network_acl.elasticache",
            "module.vpc.aws_network_acl.intra",
            "module.vpc.aws_network_acl.outpost",
            "module.vpc.aws_network_acl.private",
            "module.vpc.aws_network_acl.public",
            "module.vpc.aws_network_acl.redshift",
            "module.vpc.aws_network_acl_rule.database_inbound",
            "module.vpc.aws_network_acl_rule.database_outbound",
            "module.vpc.aws_network_acl_rule.elasticache_inbound",
            "module.vpc.aws_network_acl_rule.elasticache_outbound",
            "module.vpc.aws_network_acl_rule.intra_inbound",
            "module.vpc.aws_network_acl_rule.intra_outbound",
            "module.vpc.aws_network_acl_rule.outpost_inbound",
            "module.vpc.aws_network_acl_rule.outpost_outbound",
            "module.vpc.aws_network_acl_rule.private_inbound",
            "module.vpc.aws_network_acl_rule.private_outbound",
            "module.vpc.aws_network_acl_rule.public_inbound",
            "module.vpc.aws_network_acl_rule.public_outbound",
            "module.vpc.aws_network_acl_rule.redshift_inbound",
            "module.vpc.aws_network_acl_rule.redshift_outbound",
            "module.vpc.aws_redshift_subnet_group.redshift",
            "module.vpc.aws_route.database_internet_gateway",
            "module.vpc.aws_route.database_ipv6_egress",
            "module.vpc.aws_route.database_nat_gateway",
            "module.vpc.aws_route.private_ipv6_egress",
            "module.vpc.aws_route.private_nat_gateway",
            "module.vpc.aws_route.public_internet_gateway",
            "module.vpc.aws_route.public_internet_gateway_ipv6",
            "module.vpc.aws_route_table.database",
            "module.vpc.aws_route_table.elasticache",
            "module.vpc.aws_route_table.intra",
            "module.vpc.aws_route_table.private",
            "module.vpc.aws_route_table.public",
            "module.vpc.aws_route_table.redshift",
            "module.vpc.aws_route_table_association.database",
            "module.vpc.aws_route_table_association.elasticache",
            "module.vpc.aws_route_table_association.intra",
            "module.vpc.aws_route_table_association.outpost",
            "module.vpc.aws_route_table_association.private",
            "module.vpc.aws_route_table_association.public",
            "module.vpc.aws_route_table_association.redshift",
            "module.vpc.aws_route_table_association.redshift_public",
            "module.vpc.aws_subnet.database",
            "module.vpc.aws_subnet.elasticache",
            "module.vpc.aws_subnet.intra",
            "module.vpc.aws_subnet.outpost",
            "module.vpc.aws_subnet.private",
            "module.vpc.aws_subnet.public",
            "module.vpc.aws_subnet.redshift",
            "module.vpc.aws_vpc.this",
            "module.vpc.aws_vpc_dhcp_options.this",
            "module.vpc.aws_vpc_dhcp_options_association.this",
            "module.vpc.aws_vpc_ipv4_cidr_block_association.this",
            "module.vpc.aws_vpn_gateway.this",
            "module.vpc.aws_vpn_gateway_attachment.this",
            "module.vpc.aws_vpn_gateway_route_propagation.intra",
            "module.vpc.aws_vpn_gateway_route_propagation.private",
            "module.vpc.aws_vpn_gateway_route_propagation.public",
            "module.vpc.data.aws_iam_policy_document.flow_log_cloudwatch_assume_role",
            "module.vpc.data.aws_iam_policy_document.vpc_flow_log_cloudwatch"
          ]
        }
      ]
    },
    {
      "module": "module.aws_rsa_key",
      "mode": "managed",
      "type": "tls_private_key",
      "name": "ssh_key",
      "provider": "provider[\"registry.terraform.io/hashicorp/tls\"]",
      "instances": [
        {
          "schema_version": 1,
          "attributes": {
            "algorithm": "RSA",
            "ecdsa_curve": "P224",
            "id": "601a92384176410a721df68342124587438524e3",
            "private_key_openssh": "-----BEGIN OPENSSH PRIVATE KEY-----\nb3BlbnNzaC1rZXktdjEAAAAABG5vbmUAAAAEbm9uZQAAAAAAAAABAAACFwAAAAdz\nc2gtcnNhAAAAAwEAAQAAAgEAnHi9l9UVe6WH1lPYCVntTkxRK0rXIC99wib3Eo97\ntYoLynhODSdvnLunYQFnLFA4+7c1VfGMWQ3x7DSBlurABtp92RzC1R7MuWlg5xyk\nNOfoq6rlgnHiwZNP39lMi5rBU1RYSGp7V8QwCTmSLMk0yj+M0Oj4sX/YqP1mCp5J\nVuRApkEyCcWiEkO0YUm7r6drCMpMhUlct+434U4Divy0neo+6xC3+QISdZ4Nlcpy\nxzOzKxWD2wIRIzBWGG2NX1OQ3Q67r88SsV1KD/NyxtB/cSixiwxtkNOWsjxzSW02\nPA6bPN2/7a8uUNSRI/UqCgjp+VQ22E3E+Eas9Yb9iSv/Al401rFsDysXZbgKNyUG\nWuPKK8YeIq7dwfU0nz/8lkfgrL2xCZSfQdO80Ob2wkXZlvScn0JeA2XvP1iHuK4J\nRuejLNxjB0yA+iVmOS/OQ77Rmss4cvN8n3U4oJGgvhuB+0U049bOxxweXgYdXOfV\nXYsSpUhwSC7+U5XUZdV+POm6dw/3eW13X6PxCsf74tUos6C6TrVT4A81v0s6q+ZJ\n26ZnHW938+Ox9vrGv7vT/19FdBEZyIBNF5FK3UyzMavS/QmHCbusLLHKC05YkZZJ\nu3K/5d5lv3jkzkWsZjN2wOO1Azcv9KMgg/6wkbptw9MmOLOtG4ur1ZrUcG4GZtHG\nb2UAAAc45RMZYeUTGWEAAAAHc3NoLXJzYQAAAgEAnHi9l9UVe6WH1lPYCVntTkxR\nK0rXIC99wib3Eo97tYoLynhODSdvnLunYQFnLFA4+7c1VfGMWQ3x7DSBlurABtp9\n2RzC1R7MuWlg5xykNOfoq6rlgnHiwZNP39lMi5rBU1RYSGp7V8QwCTmSLMk0yj+M\n0Oj4sX/YqP1mCp5JVuRApkEyCcWiEkO0YUm7r6drCMpMhUlct+434U4Divy0neo+\n6xC3+QISdZ4NlcpyxzOzKxWD2wIRIzBWGG2NX1OQ3Q67r88SsV1KD/NyxtB/cSix\niwxtkNOWsjxzSW02PA6bPN2/7a8uUNSRI/UqCgjp+VQ22E3E+Eas9Yb9iSv/Al40\n1rFsDysXZbgKNyUGWuPKK8YeIq7dwfU0nz/8lkfgrL2xCZSfQdO80Ob2wkXZlvSc\nn0JeA2XvP1iHuK4JRuejLNxjB0yA+iVmOS/OQ77Rmss4cvN8n3U4oJGgvhuB+0U0\n49bOxxweXgYdXOfVXYsSpUhwSC7+U5XUZdV+POm6dw/3eW13X6PxCsf74tUos6C6\nTrVT4A81v0s6q+ZJ26ZnHW938+Ox9vrGv7vT/19FdBEZyIBNF5FK3UyzMavS/QmH\nCbusLLHKC05YkZZJu3K/5d5lv3jkzkWsZjN2wOO1Azcv9KMgg/6wkbptw9MmOLOt\nG4ur1ZrUcG4GZtHGb2UAAAADAQABAAACADZg38L8ktK93E9oJBRb5FTpwOvCvrC4\n0IPA9uzEYMHej+p1lOqNYgSeUrUrv6du2d7g9PBBWf05E3J7bO39925qUII7tJpM\ncemd7cdj9M1OK1Y9tjV3Ts7nW0L4SdnaloVXMrc4ClWeIPOTxnE6G9aN72pLDOLj\nA3D3X5chG2vPN4iP78vlm0Wtsep9rXSGQnRzmdRYgpiJeXIboq+S01JuLh+TV9x6\nE+A8ZYxBJ1KDbSjz+TcLqNkJ22Hx8MfISvgIPsICvQRW335bpO/jVecFtW4Vi55h\namXXDFngUpDcoqasih8YWohM14Qfl9SU9HtqAQV7QZDnPwS1PTeGysCEt6moei/k\nSNmPxPzXOZb5nH8ky155QnAud+/I0/kZS+Elhw7Z6cFLf/GSuvkP1ODQl+sWb44o\nymTU1+c9rfpsS4C4Lq4RbaIbZXBYLZkKtXYgBXrBV4JMMJg9e0UrHdnJAq/UvHSF\nzA0SHTNIYDs/lDqErV2/ta0REKOl0QUwZdXQVx1HlDoWvdiAmVszm0Y8Bjt70nAq\npgISqmkk4ZyA2Me36EkWXrDs9xjkkJ2L/LQjkrQAmYkVl9kFJdxLBVmQdVu6MSM2\n22PZaGk11xXmatQhHaQQXC7FLoBwQx8Mj+Q6LyZ2yqB3T+j6pjEV6XIF/CMAgnZ3\nZOkjWNJMsCGhAAABAFAqPAWnEh74ZuMjE7Ml27b2beuQ77zfjmST607BouYqy1GO\nzkZvhL/MtwoHb1uRnSu9ZX0InMVFzAvwp936O38ZILrtSwwvJf+bo0pjohG+4lWw\nhiazalv7CcZ4xM5EFntYot1YwNCkYa5AMmzU3i8e3oeFdngCwi4fSE/LEaUMizbw\nbCNeme8Pp2yu4sk8o0YFDJY9FOcs1fYJj18yXRvmtF73WBok/OESHBFTj2K7mMHI\n+Vkqv4nw4qOIHOi2d+AwdPG+KPk29J9LJDQuiEfcPR5HRkPafOXdz96/WbJ4vxA/\n4tbABx73MOvd0KzAhYcTrLskOD/PDKxQVgVVJ0sAAAEBAMDaOGRJ/j0HROw5GNwu\nBcByyTz+EAbJfjNZaAblX/GE6u+a3DN/QgMHH8HcZyzG7ZCkALXNTeNcPLm0Dkeh\nmpX0b4CDZ9wynwjRp3KzORQ08aWcHMZhf1dbMzpw15oQaJmZF9EynATCuq7dtZnD\no6wvNxX+5aYGPyXhPo2IecUV3NR/3lrRVR+fvh/lPK5fnisMFTud8Z4XJNAEiQ3S\nGDE4xYSfqmQ/1PqEaRAIenCXLsBeOFBMz3sliMO0rEkJVjr5zgL06j0PVDLNoqyT\nG3FygscruRsqD4lOB22Lv2ex3UwaFQy/nBHAEAj/Sp955G0RUkpzXfb22wrNKHc4\n33sAAAEBAM+06l8S3ZpuBymHbDJ5Cdb1/nDopVpJ7iTbJTsG00btIQN/EFMXPbXm\nXwTFVu4dWtRcqHVtI6g+g02qndanyMxECgS/oZh1V1LOhm+HSmptLIwT/OZQaBmy\nN1Ict8QKM15oWozj6OKoqqUX2TzD57tJSQzbpGOGMDyKtEqx7e3CHbb1+BBiOSbN\nZX3lPZwOqR1ra4mPT61izI8IgRbAOQtgbA0xp9aUfWhipMULm6FTLmICmqvB8tpW\nzSaLlozw/BMsEtA4UqQ47nGjLphsT0kjudGE9ZLec+heqq3HldrMjuutSkE2ePGF\naNi8TS9rI3TB/aAdJLa17FYpzc2IRp8AAAAAAQID\n-----END OPENSSH PRIVATE KEY-----\n",
            "private_key_pem": "-----BEGIN RSA PRIVATE KEY-----\nMIIJKAIBAAKCAgEAnHi9l9UVe6WH1lPYCVntTkxRK0rXIC99wib3Eo97tYoLynhO\nDSdvnLunYQFnLFA4+7c1VfGMWQ3x7DSBlurABtp92RzC1R7MuWlg5xykNOfoq6rl\ngnHiwZNP39lMi5rBU1RYSGp7V8QwCTmSLMk0yj+M0Oj4sX/YqP1mCp5JVuRApkEy\nCcWiEkO0YUm7r6drCMpMhUlct+434U4Divy0neo+6xC3+QISdZ4NlcpyxzOzKxWD\n2wIRIzBWGG2NX1OQ3Q67r88SsV1KD/NyxtB/cSixiwxtkNOWsjxzSW02PA6bPN2/\n7a8uUNSRI/UqCgjp+VQ22E3E+Eas9Yb9iSv/Al401rFsDysXZbgKNyUGWuPKK8Ye\nIq7dwfU0nz/8lkfgrL2xCZSfQdO80Ob2wkXZlvScn0JeA2XvP1iHuK4JRuejLNxj\nB0yA+iVmOS/OQ77Rmss4cvN8n3U4oJGgvhuB+0U049bOxxweXgYdXOfVXYsSpUhw\nSC7+U5XUZdV+POm6dw/3eW13X6PxCsf74tUos6C6TrVT4A81v0s6q+ZJ26ZnHW93\n8+Ox9vrGv7vT/19FdBEZyIBNF5FK3UyzMavS/QmHCbusLLHKC05YkZZJu3K/5d5l\nv3jkzkWsZjN2wOO1Azcv9KMgg/6wkbptw9MmOLOtG4ur1ZrUcG4GZtHGb2UCAwEA\nAQKCAgA2YN/C/JLSvdxPaCQUW+RU6cDrwr6wuNCDwPbsxGDB3o/qdZTqjWIEnlK1\nK7+nbtne4PTwQVn9ORNye2zt/fdualCCO7SaTHHpne3HY/TNTitWPbY1d07O51tC\n+EnZ2paFVzK3OApVniDzk8ZxOhvWje9qSwzi4wNw91+XIRtrzzeIj+/L5ZtFrbHq\nfa10hkJ0c5nUWIKYiXlyG6KvktNSbi4fk1fcehPgPGWMQSdSg20o8/k3C6jZCdth\n8fDHyEr4CD7CAr0EVt9+W6Tv41XnBbVuFYueYWpl1wxZ4FKQ3KKmrIofGFqITNeE\nH5fUlPR7agEFe0GQ5z8EtT03hsrAhLepqHov5EjZj8T81zmW+Zx/JMteeUJwLnfv\nyNP5GUvhJYcO2enBS3/xkrr5D9Tg0JfrFm+OKMpk1NfnPa36bEuAuC6uEW2iG2Vw\nWC2ZCrV2IAV6wVeCTDCYPXtFKx3ZyQKv1Lx0hcwNEh0zSGA7P5Q6hK1dv7WtERCj\npdEFMGXV0FcdR5Q6Fr3YgJlbM5tGPAY7e9JwKqYCEqppJOGcgNjHt+hJFl6w7PcY\n5JCdi/y0I5K0AJmJFZfZBSXcSwVZkHVbujEjNttj2WhpNdcV5mrUIR2kEFwuxS6A\ncEMfDI/kOi8mdsqgd0/o+qYxFelyBfwjAIJ2d2TpI1jSTLAhoQKCAQEAwNo4ZEn+\nPQdE7DkY3C4FwHLJPP4QBsl+M1loBuVf8YTq75rcM39CAwcfwdxnLMbtkKQAtc1N\n41w8ubQOR6GalfRvgINn3DKfCNGncrM5FDTxpZwcxmF/V1szOnDXmhBomZkX0TKc\nBMK6rt21mcOjrC83Ff7lpgY/JeE+jYh5xRXc1H/eWtFVH5++H+U8rl+eKwwVO53x\nnhck0ASJDdIYMTjFhJ+qZD/U+oRpEAh6cJcuwF44UEzPeyWIw7SsSQlWOvnOAvTq\nPQ9UMs2irJMbcXKCxyu5GyoPiU4HbYu/Z7HdTBoVDL+cEcAQCP9Kn3nkbRFSSnNd\n9vbbCs0odzjfewKCAQEAz7TqXxLdmm4HKYdsMnkJ1vX+cOilWknuJNslOwbTRu0h\nA38QUxc9teZfBMVW7h1a1FyodW0jqD6DTaqd1qfIzEQKBL+hmHVXUs6Gb4dKam0s\njBP85lBoGbI3Uhy3xAozXmhajOPo4qiqpRfZPMPnu0lJDNukY4YwPIq0SrHt7cId\ntvX4EGI5Js1lfeU9nA6pHWtriY9PrWLMjwiBFsA5C2BsDTGn1pR9aGKkxQuboVMu\nYgKaq8Hy2lbNJouWjPD8EywS0DhSpDjucaMumGxPSSO50YT1kt5z6F6qrceV2syO\n661KQTZ48YVo2LxNL2sjdMH9oB0ktrXsVinNzYhGnwKCAQABGz9nk+UZhIkoscsq\nuDjgOchdyTdeUpmewcyO/ZHnWNPgPAs3YGuIiOntus38u8dxJP+8C0l/HHBcwGO0\nlYDFi3l4S0i1QrUW390OE2kobIVWZebkXHrWjXdlxm/2OlHfT7mLQbcTb+qSRkNc\ndnrh6gNu5N98bFzAYuJw/W91agKyVWl5K+pJHCmDFVWbyoClzpPwm59fQNK9Pslq\nguIQpjq74A6iNJuMNGZF6UaKjtN91wyLqWUnV7fJJ6g1YxBTlktQSQdvAj+Baxyb\n0Nw/cmC9s8qEFWGxb/kq77pRZfvXC+9C+3Zxw6BT7OMItzJQTeEi/DZ1zETFcxfg\nVzsxAoIBAQC0/7y1OOVvq64GHILGwP84GYmurq1ZLs+dwnKBK4N1bTK1r0Z0ge4+\n0w++QpFsUpxSLqSGH6NQ+5jEV4fQBMpQZoIsfSm+h5KfEGXKTqUkdRq6vrhFo4/z\nxH+8yFXDOfhlrp4p5HmO+tgpocymzTjk1goYcFaie88REvXlmYPzCpOGWnXfIRkY\nnShyOxAjLAtnHbLKXt5aA5yqkAid4MhVB6NhJAJUVXWrPzrCk0j9nlTvB8HtJsgQ\nSE/h5QY+r8mak2+Zj1tEzG/NCxyRquC0pbNJx4mQgNWUitpFMYV+838gFRR+G4/t\nOAqTxBOm3MA7AMmZe4wAxCu9MhSrpLOVAoIBAFAqPAWnEh74ZuMjE7Ml27b2beuQ\n77zfjmST607BouYqy1GOzkZvhL/MtwoHb1uRnSu9ZX0InMVFzAvwp936O38ZILrt\nSwwvJf+bo0pjohG+4lWwhiazalv7CcZ4xM5EFntYot1YwNCkYa5AMmzU3i8e3oeF\ndngCwi4fSE/LEaUMizbwbCNeme8Pp2yu4sk8o0YFDJY9FOcs1fYJj18yXRvmtF73\nWBok/OESHBFTj2K7mMHI+Vkqv4nw4qOIHOi2d+AwdPG+KPk29J9LJDQuiEfcPR5H\nRkPafOXdz96/WbJ4vxA/4tbABx73MOvd0KzAhYcTrLskOD/PDKxQVgVVJ0s=\n-----END RSA PRIVATE KEY-----\n",
            "private_key_pem_pkcs8": "-----BEGIN PRIVATE KEY-----\nMIIJQgIBADANBgkqhkiG9w0BAQEFAASCCSwwggkoAgEAAoICAQCceL2X1RV7pYfW\nU9gJWe1OTFErStcgL33CJvcSj3u1igvKeE4NJ2+cu6dhAWcsUDj7tzVV8YxZDfHs\nNIGW6sAG2n3ZHMLVHsy5aWDnHKQ05+irquWCceLBk0/f2UyLmsFTVFhIantXxDAJ\nOZIsyTTKP4zQ6Pixf9io/WYKnklW5ECmQTIJxaISQ7RhSbuvp2sIykyFSVy37jfh\nTgOK/LSd6j7rELf5AhJ1ng2VynLHM7MrFYPbAhEjMFYYbY1fU5DdDruvzxKxXUoP\n83LG0H9xKLGLDG2Q05ayPHNJbTY8Dps83b/try5Q1JEj9SoKCOn5VDbYTcT4Rqz1\nhv2JK/8CXjTWsWwPKxdluAo3JQZa48orxh4irt3B9TSfP/yWR+CsvbEJlJ9B07zQ\n5vbCRdmW9JyfQl4DZe8/WIe4rglG56Ms3GMHTID6JWY5L85DvtGayzhy83yfdTig\nkaC+G4H7RTTj1s7HHB5eBh1c59VdixKlSHBILv5TldRl1X486bp3D/d5bXdfo/EK\nx/vi1SizoLpOtVPgDzW/Szqr5knbpmcdb3fz47H2+sa/u9P/X0V0ERnIgE0XkUrd\nTLMxq9L9CYcJu6wsscoLTliRlkm7cr/l3mW/eOTORaxmM3bA47UDNy/0oyCD/rCR\num3D0yY4s60bi6vVmtRwbgZm0cZvZQIDAQABAoICADZg38L8ktK93E9oJBRb5FTp\nwOvCvrC40IPA9uzEYMHej+p1lOqNYgSeUrUrv6du2d7g9PBBWf05E3J7bO39925q\nUII7tJpMcemd7cdj9M1OK1Y9tjV3Ts7nW0L4SdnaloVXMrc4ClWeIPOTxnE6G9aN\n72pLDOLjA3D3X5chG2vPN4iP78vlm0Wtsep9rXSGQnRzmdRYgpiJeXIboq+S01Ju\nLh+TV9x6E+A8ZYxBJ1KDbSjz+TcLqNkJ22Hx8MfISvgIPsICvQRW335bpO/jVecF\ntW4Vi55hamXXDFngUpDcoqasih8YWohM14Qfl9SU9HtqAQV7QZDnPwS1PTeGysCE\nt6moei/kSNmPxPzXOZb5nH8ky155QnAud+/I0/kZS+Elhw7Z6cFLf/GSuvkP1ODQ\nl+sWb44oymTU1+c9rfpsS4C4Lq4RbaIbZXBYLZkKtXYgBXrBV4JMMJg9e0UrHdnJ\nAq/UvHSFzA0SHTNIYDs/lDqErV2/ta0REKOl0QUwZdXQVx1HlDoWvdiAmVszm0Y8\nBjt70nAqpgISqmkk4ZyA2Me36EkWXrDs9xjkkJ2L/LQjkrQAmYkVl9kFJdxLBVmQ\ndVu6MSM222PZaGk11xXmatQhHaQQXC7FLoBwQx8Mj+Q6LyZ2yqB3T+j6pjEV6XIF\n/CMAgnZ3ZOkjWNJMsCGhAoIBAQDA2jhkSf49B0TsORjcLgXAcsk8/hAGyX4zWWgG\n5V/xhOrvmtwzf0IDBx/B3Gcsxu2QpAC1zU3jXDy5tA5HoZqV9G+Ag2fcMp8I0ady\nszkUNPGlnBzGYX9XWzM6cNeaEGiZmRfRMpwEwrqu3bWZw6OsLzcV/uWmBj8l4T6N\niHnFFdzUf95a0VUfn74f5TyuX54rDBU7nfGeFyTQBIkN0hgxOMWEn6pkP9T6hGkQ\nCHpwly7AXjhQTM97JYjDtKxJCVY6+c4C9Oo9D1QyzaKskxtxcoLHK7kbKg+JTgdt\ni79nsd1MGhUMv5wRwBAI/0qfeeRtEVJKc1329tsKzSh3ON97AoIBAQDPtOpfEt2a\nbgcph2wyeQnW9f5w6KVaSe4k2yU7BtNG7SEDfxBTFz215l8ExVbuHVrUXKh1bSOo\nPoNNqp3Wp8jMRAoEv6GYdVdSzoZvh0pqbSyME/zmUGgZsjdSHLfECjNeaFqM4+ji\nqKqlF9k8w+e7SUkM26RjhjA8irRKse3twh229fgQYjkmzWV95T2cDqkda2uJj0+t\nYsyPCIEWwDkLYGwNMafWlH1oYqTFC5uhUy5iApqrwfLaVs0mi5aM8PwTLBLQOFKk\nOO5xoy6YbE9JI7nRhPWS3nPoXqqtx5XazI7rrUpBNnjxhWjYvE0vayN0wf2gHSS2\ntexWKc3NiEafAoIBAAEbP2eT5RmEiSixyyq4OOA5yF3JN15SmZ7BzI79kedY0+A8\nCzdga4iI6e26zfy7x3Ek/7wLSX8ccFzAY7SVgMWLeXhLSLVCtRbf3Q4TaShshVZl\n5uRcetaNd2XGb/Y6Ud9PuYtBtxNv6pJGQ1x2euHqA27k33xsXMBi4nD9b3VqArJV\naXkr6kkcKYMVVZvKgKXOk/Cbn19A0r0+yWqC4hCmOrvgDqI0m4w0ZkXpRoqO033X\nDIupZSdXt8knqDVjEFOWS1BJB28CP4FrHJvQ3D9yYL2zyoQVYbFv+SrvulFl+9cL\n70L7dnHDoFPs4wi3MlBN4SL8NnXMRMVzF+BXOzECggEBALT/vLU45W+rrgYcgsbA\n/zgZia6urVkuz53CcoErg3VtMrWvRnSB7j7TD75CkWxSnFIupIYfo1D7mMRXh9AE\nylBmgix9Kb6Hkp8QZcpOpSR1Grq+uEWjj/PEf7zIVcM5+GWuninkeY762CmhzKbN\nOOTWChhwVqJ7zxES9eWZg/MKk4Zadd8hGRidKHI7ECMsC2cdsspe3loDnKqQCJ3g\nyFUHo2EkAlRVdas/OsKTSP2eVO8Hwe0myBBIT+HlBj6vyZqTb5mPW0TMb80LHJGq\n4LSls0nHiZCA1ZSK2kUxhX7zfyAVFH4bj+04CpPEE6bcwDsAyZl7jADEK70yFKuk\ns5UCggEAUCo8BacSHvhm4yMTsyXbtvZt65DvvN+OZJPrTsGi5irLUY7ORm+Ev8y3\nCgdvW5GdK71lfQicxUXMC/Cn3fo7fxkguu1LDC8l/5ujSmOiEb7iVbCGJrNqW/sJ\nxnjEzkQWe1ii3VjA0KRhrkAybNTeLx7eh4V2eALCLh9IT8sRpQyLNvBsI16Z7w+n\nbK7iyTyjRgUMlj0U5yzV9gmPXzJdG+a0XvdYGiT84RIcEVOPYruYwcj5WSq/ifDi\no4gc6LZ34DB08b4o+Tb0n0skNC6IR9w9HkdGQ9p85d3P3r9Zsni/ED/i1sAHHvcw\n693QrMCFhxOsuyQ4P88MrFBWBVUnSw==\n-----END PRIVATE KEY-----\n",
            "public_key_fingerprint_md5": "a6:cf:72:38:98:6f:1b:8e:51:5c:97:2d:33:53:23:25",
            "public_key_fingerprint_sha256": "SHA256:IHrL8DtIfGngmwSM/cAfYMQqUnQIo8KpO7wiLO7hjQI",
            "public_key_openssh": "ssh-rsa AAAAB3NzaC1yc2EAAAADAQABAAACAQCceL2X1RV7pYfWU9gJWe1OTFErStcgL33CJvcSj3u1igvKeE4NJ2+cu6dhAWcsUDj7tzVV8YxZDfHsNIGW6sAG2n3ZHMLVHsy5aWDnHKQ05+irquWCceLBk0/f2UyLmsFTVFhIantXxDAJOZIsyTTKP4zQ6Pixf9io/WYKnklW5ECmQTIJxaISQ7RhSbuvp2sIykyFSVy37jfhTgOK/LSd6j7rELf5AhJ1ng2VynLHM7MrFYPbAhEjMFYYbY1fU5DdDruvzxKxXUoP83LG0H9xKLGLDG2Q05ayPHNJbTY8Dps83b/try5Q1JEj9SoKCOn5VDbYTcT4Rqz1hv2JK/8CXjTWsWwPKxdluAo3JQZa48orxh4irt3B9TSfP/yWR+CsvbEJlJ9B07zQ5vbCRdmW9JyfQl4DZe8/WIe4rglG56Ms3GMHTID6JWY5L85DvtGayzhy83yfdTigkaC+G4H7RTTj1s7HHB5eBh1c59VdixKlSHBILv5TldRl1X486bp3D/d5bXdfo/EKx/vi1SizoLpOtVPgDzW/Szqr5knbpmcdb3fz47H2+sa/u9P/X0V0ERnIgE0XkUrdTLMxq9L9CYcJu6wsscoLTliRlkm7cr/l3mW/eOTORaxmM3bA47UDNy/0oyCD/rCRum3D0yY4s60bi6vVmtRwbgZm0cZvZQ==\n",
            "public_key_pem": "-----BEGIN PUBLIC KEY-----\nMIICIjANBgkqhkiG9w0BAQEFAAOCAg8AMIICCgKCAgEAnHi9l9UVe6WH1lPYCVnt\nTkxRK0rXIC99wib3Eo97tYoLynhODSdvnLunYQFnLFA4+7c1VfGMWQ3x7DSBlurA\nBtp92RzC1R7MuWlg5xykNOfoq6rlgnHiwZNP39lMi5rBU1RYSGp7V8QwCTmSLMk0\nyj+M0Oj4sX/YqP1mCp5JVuRApkEyCcWiEkO0YUm7r6drCMpMhUlct+434U4Divy0\nneo+6xC3+QISdZ4NlcpyxzOzKxWD2wIRIzBWGG2NX1OQ3Q67r88SsV1KD/NyxtB/\ncSixiwxtkNOWsjxzSW02PA6bPN2/7a8uUNSRI/UqCgjp+VQ22E3E+Eas9Yb9iSv/\nAl401rFsDysXZbgKNyUGWuPKK8YeIq7dwfU0nz/8lkfgrL2xCZSfQdO80Ob2wkXZ\nlvScn0JeA2XvP1iHuK4JRuejLNxjB0yA+iVmOS/OQ77Rmss4cvN8n3U4oJGgvhuB\n+0U049bOxxweXgYdXOfVXYsSpUhwSC7+U5XUZdV+POm6dw/3eW13X6PxCsf74tUo\ns6C6TrVT4A81v0s6q+ZJ26ZnHW938+Ox9vrGv7vT/19FdBEZyIBNF5FK3UyzMavS\n/QmHCbusLLHKC05YkZZJu3K/5d5lv3jkzkWsZjN2wOO1Azcv9KMgg/6wkbptw9Mm\nOLOtG4ur1ZrUcG4GZtHGb2UCAwEAAQ==\n-----END PUBLIC KEY-----\n",
            "rsa_bits": 4096
          },
          "sensitive_attributes": [],
          "dependencies": [
            "module.vpc.aws_cloudwatch_log_group.flow_log",
            "module.vpc.aws_customer_gateway.this",
            "module.vpc.aws_db_subnet_group.database",
            "module.vpc.aws_default_network_acl.this",
            "module.vpc.aws_default_route_table.default",
            "module.vpc.aws_default_security_group.this",
            "module.vpc.aws_default_vpc.this",
            "module.vpc.aws_egress_only_internet_gateway.this",
            "module.vpc.aws_eip.nat",
            "module.vpc.aws_elasticache_subnet_group.elasticache",
            "module.vpc.aws_flow_log.this",
            "module.vpc.aws_iam_policy.vpc_flow_log_cloudwatch",
            "module.vpc.aws_iam_role.vpc_flow_log_cloudwatch",
            "module.vpc.aws_iam_role_policy_attachment.vpc_flow_log_cloudwatch",
            "module.vpc.aws_internet_gateway.this",
            "module.vpc.aws_nat_gateway.this",
            "module.vpc.aws_network_acl.database",
            "module.vpc.aws_network_acl.elasticache",
            "module.vpc.aws_network_acl.intra",
            "module.vpc.aws_network_acl.outpost",
            "module.vpc.aws_network_acl.private",
            "module.vpc.aws_network_acl.public",
            "module.vpc.aws_network_acl.redshift",
            "module.vpc.aws_network_acl_rule.database_inbound",
            "module.vpc.aws_network_acl_rule.database_outbound",
            "module.vpc.aws_network_acl_rule.elasticache_inbound",
            "module.vpc.aws_network_acl_rule.elasticache_outbound",
            "module.vpc.aws_network_acl_rule.intra_inbound",
            "module.vpc.aws_network_acl_rule.intra_outbound",
            "module.vpc.aws_network_acl_rule.outpost_inbound",
            "module.vpc.aws_network_acl_rule.outpost_outbound",
            "module.vpc.aws_network_acl_rule.private_inbound",
            "module.vpc.aws_network_acl_rule.private_outbound",
            "module.vpc.aws_network_acl_rule.public_inbound",
            "module.vpc.aws_network_acl_rule.public_outbound",
            "module.vpc.aws_network_acl_rule.redshift_inbound",
            "module.vpc.aws_network_acl_rule.redshift_outbound",
            "module.vpc.aws_redshift_subnet_group.redshift",
            "module.vpc.aws_route.database_internet_gateway",
            "module.vpc.aws_route.database_ipv6_egress",
            "module.vpc.aws_route.database_nat_gateway",
            "module.vpc.aws_route.private_ipv6_egress",
            "module.vpc.aws_route.private_nat_gateway",
            "module.vpc.aws_route.public_internet_gateway",
            "module.vpc.aws_route.public_internet_gateway_ipv6",
            "module.vpc.aws_route_table.database",
            "module.vpc.aws_route_table.elasticache",
            "module.vpc.aws_route_table.intra",
            "module.vpc.aws_route_table.private",
            "module.vpc.aws_route_table.public",
            "module.vpc.aws_route_table.redshift",
            "module.vpc.aws_route_table_association.database",
            "module.vpc.aws_route_table_association.elasticache",
            "module.vpc.aws_route_table_association.intra",
            "module.vpc.aws_route_table_association.outpost",
            "module.vpc.aws_route_table_association.private",
            "module.vpc.aws_route_table_association.public",
            "module.vpc.aws_route_table_association.redshift",
            "module.vpc.aws_route_table_association.redshift_public",
            "module.vpc.aws_subnet.database",
            "module.vpc.aws_subnet.elasticache",
            "module.vpc.aws_subnet.intra",
            "module.vpc.aws_subnet.outpost",
            "module.vpc.aws_subnet.private",
            "module.vpc.aws_subnet.public",
            "module.vpc.aws_subnet.redshift",
            "module.vpc.aws_vpc.this",
            "module.vpc.aws_vpc_dhcp_options.this",
            "module.vpc.aws_vpc_dhcp_options_association.this",
            "module.vpc.aws_vpc_ipv4_cidr_block_association.this",
            "module.vpc.aws_vpn_gateway.this",
            "module.vpc.aws_vpn_gateway_attachment.this",
            "module.vpc.aws_vpn_gateway_route_propagation.intra",
            "module.vpc.aws_vpn_gateway_route_propagation.private",
            "module.vpc.aws_vpn_gateway_route_propagation.public",
            "module.vpc.data.aws_iam_policy_document.flow_log_cloudwatch_assume_role",
            "module.vpc.data.aws_iam_policy_document.vpc_flow_log_cloudwatch"
          ]
        }
      ]
    },
    {
      "module": "module.vpc",
      "mode": "managed",
      "type": "aws_eip",
      "name": "nat",
      "provider": "provider[\"registry.terraform.io/hashicorp/aws\"]",
      "instances": [
        {
          "index_key": 0,
          "schema_version": 0,
          "attributes": {
            "address": null,
            "allocation_id": "eipalloc-0f021d129e1899e0d",
            "associate_with_private_ip": null,
            "association_id": "",
            "carrier_ip": "",
            "customer_owned_ip": "",
            "customer_owned_ipv4_pool": "",
            "domain": "vpc",
            "id": "eipalloc-0f021d129e1899e0d",
            "instance": "",
            "network_border_group": "us-east-1",
            "network_interface": "",
            "private_dns": null,
            "private_ip": "",
            "public_dns": "ec2-3-219-37-158.compute-1.amazonaws.com",
            "public_ip": "3.219.37.158",
            "public_ipv4_pool": "amazon",
            "tags": {
              "Name": "VPC-us-east-1a"
            },
            "tags_all": {
              "Name": "VPC-us-east-1a"
            },
            "timeouts": null,
            "vpc": true
          },
          "sensitive_attributes": [],
          "private": "eyJlMmJmYjczMC1lY2FhLTExZTYtOGY4OC0zNDM2M2JjN2M0YzAiOnsiZGVsZXRlIjoxODAwMDAwMDAwMDAsInJlYWQiOjkwMDAwMDAwMDAwMCwidXBkYXRlIjozMDAwMDAwMDAwMDB9fQ=="
        }
      ]
    },
    {
      "module": "module.vpc",
      "mode": "managed",
      "type": "aws_internet_gateway",
      "name": "this",
      "provider": "provider[\"registry.terraform.io/hashicorp/aws\"]",
      "instances": [
        {
          "index_key": 0,
          "schema_version": 0,
          "attributes": {
            "arn": "arn:aws:ec2:us-east-1:580234752977:internet-gateway/igw-0fee72bf5e2605263",
            "id": "igw-0fee72bf5e2605263",
            "owner_id": "580234752977",
            "tags": {
              "Name": "VPC"
            },
            "tags_all": {
              "Name": "VPC"
            },
            "timeouts": null,
            "vpc_id": "vpc-0a7691235c969ab4c"
          },
          "sensitive_attributes": [],
          "private": "eyJlMmJmYjczMC1lY2FhLTExZTYtOGY4OC0zNDM2M2JjN2M0YzAiOnsiY3JlYXRlIjoxMjAwMDAwMDAwMDAwLCJkZWxldGUiOjEyMDAwMDAwMDAwMDAsInVwZGF0ZSI6MTIwMDAwMDAwMDAwMH19",
          "dependencies": [
            "module.vpc.aws_vpc.this",
            "module.vpc.aws_vpc_ipv4_cidr_block_association.this"
          ]
        }
      ]
    },
    {
      "module": "module.vpc",
      "mode": "managed",
      "type": "aws_nat_gateway",
      "name": "this",
      "provider": "provider[\"registry.terraform.io/hashicorp/aws\"]",
      "instances": [
        {
          "index_key": 0,
          "schema_version": 0,
          "attributes": {
            "allocation_id": "eipalloc-0f021d129e1899e0d",
            "connectivity_type": "public",
            "id": "nat-018f78bf0aefad650",
            "network_interface_id": "eni-0f169f275d586b1ba",
            "private_ip": "172.23.7.209",
            "public_ip": "3.219.37.158",
            "subnet_id": "subnet-045427e9029bca298",
            "tags": {
              "Name": "caldera-test_natgateway"
            },
            "tags_all": {
              "Name": "caldera-test_natgateway"
            }
          },
          "sensitive_attributes": [],
          "private": "bnVsbA==",
          "dependencies": [
            "module.vpc.aws_eip.nat",
            "module.vpc.aws_internet_gateway.this",
            "module.vpc.aws_subnet.public",
            "module.vpc.aws_vpc.this",
            "module.vpc.aws_vpc_ipv4_cidr_block_association.this"
          ]
        }
      ]
    },
    {
      "module": "module.vpc",
      "mode": "managed",
      "type": "aws_route",
      "name": "private_nat_gateway",
      "provider": "provider[\"registry.terraform.io/hashicorp/aws\"]",
      "instances": [
        {
          "index_key": 0,
          "schema_version": 0,
          "attributes": {
            "carrier_gateway_id": "",
            "core_network_arn": "",
            "destination_cidr_block": "0.0.0.0/0",
            "destination_ipv6_cidr_block": "",
            "destination_prefix_list_id": "",
            "egress_only_gateway_id": "",
            "gateway_id": "",
            "id": "r-rtb-031a3c3b0a8c53d9c1080289494",
            "instance_id": "",
            "instance_owner_id": "",
            "local_gateway_id": "",
            "nat_gateway_id": "nat-018f78bf0aefad650",
            "network_interface_id": "",
            "origin": "CreateRoute",
            "route_table_id": "rtb-031a3c3b0a8c53d9c",
            "state": "active",
            "timeouts": {
              "create": "5m",
              "delete": null,
              "update": null
            },
            "transit_gateway_id": "",
            "vpc_endpoint_id": "",
            "vpc_peering_connection_id": ""
          },
          "sensitive_attributes": [],
          "private": "eyJlMmJmYjczMC1lY2FhLTExZTYtOGY4OC0zNDM2M2JjN2M0YzAiOnsiY3JlYXRlIjozMDAwMDAwMDAwMDAsImRlbGV0ZSI6MzAwMDAwMDAwMDAwLCJ1cGRhdGUiOjEyMDAwMDAwMDAwMH19",
          "dependencies": [
            "module.vpc.aws_eip.nat",
            "module.vpc.aws_internet_gateway.this",
            "module.vpc.aws_nat_gateway.this",
            "module.vpc.aws_route_table.private",
            "module.vpc.aws_subnet.public",
            "module.vpc.aws_vpc.this",
            "module.vpc.aws_vpc_ipv4_cidr_block_association.this"
          ]
        }
      ]
    },
    {
      "module": "module.vpc",
      "mode": "managed",
      "type": "aws_route",
      "name": "public_internet_gateway",
      "provider": "provider[\"registry.terraform.io/hashicorp/aws\"]",
      "instances": [
        {
          "index_key": 0,
          "schema_version": 0,
          "attributes": {
            "carrier_gateway_id": "",
            "core_network_arn": "",
            "destination_cidr_block": "0.0.0.0/0",
            "destination_ipv6_cidr_block": "",
            "destination_prefix_list_id": "",
            "egress_only_gateway_id": "",
            "gateway_id": "igw-0fee72bf5e2605263",
            "id": "r-rtb-03a39ad3f8a8cbab81080289494",
            "instance_id": "",
            "instance_owner_id": "",
            "local_gateway_id": "",
            "nat_gateway_id": "",
            "network_interface_id": "",
            "origin": "CreateRoute",
            "route_table_id": "rtb-03a39ad3f8a8cbab8",
            "state": "active",
            "timeouts": {
              "create": "5m",
              "delete": null,
              "update": null
            },
            "transit_gateway_id": "",
            "vpc_endpoint_id": "",
            "vpc_peering_connection_id": ""
          },
          "sensitive_attributes": [],
          "private": "eyJlMmJmYjczMC1lY2FhLTExZTYtOGY4OC0zNDM2M2JjN2M0YzAiOnsiY3JlYXRlIjozMDAwMDAwMDAwMDAsImRlbGV0ZSI6MzAwMDAwMDAwMDAwLCJ1cGRhdGUiOjEyMDAwMDAwMDAwMH19",
          "dependencies": [
            "module.vpc.aws_internet_gateway.this",
            "module.vpc.aws_route_table.public",
            "module.vpc.aws_vpc.this",
            "module.vpc.aws_vpc_ipv4_cidr_block_association.this"
          ]
        }
      ]
    },
    {
      "module": "module.vpc",
      "mode": "managed",
      "type": "aws_route_table",
      "name": "private",
      "provider": "provider[\"registry.terraform.io/hashicorp/aws\"]",
      "instances": [
        {
          "index_key": 0,
          "schema_version": 0,
          "attributes": {
            "arn": "arn:aws:ec2:us-east-1:580234752977:route-table/rtb-031a3c3b0a8c53d9c",
            "id": "rtb-031a3c3b0a8c53d9c",
            "owner_id": "580234752977",
            "propagating_vgws": [],
            "route": [],
            "tags": {
              "Name": "VPC-private"
            },
            "tags_all": {
              "Name": "VPC-private"
            },
            "timeouts": null,
            "vpc_id": "vpc-0a7691235c969ab4c"
          },
          "sensitive_attributes": [],
          "private": "eyJlMmJmYjczMC1lY2FhLTExZTYtOGY4OC0zNDM2M2JjN2M0YzAiOnsiY3JlYXRlIjozMDAwMDAwMDAwMDAsImRlbGV0ZSI6MzAwMDAwMDAwMDAwLCJ1cGRhdGUiOjEyMDAwMDAwMDAwMH19",
          "dependencies": [
            "module.vpc.aws_vpc.this",
            "module.vpc.aws_vpc_ipv4_cidr_block_association.this"
          ]
        }
      ]
    },
    {
      "module": "module.vpc",
      "mode": "managed",
      "type": "aws_route_table",
      "name": "public",
      "provider": "provider[\"registry.terraform.io/hashicorp/aws\"]",
      "instances": [
        {
          "index_key": 0,
          "schema_version": 0,
          "attributes": {
            "arn": "arn:aws:ec2:us-east-1:580234752977:route-table/rtb-03a39ad3f8a8cbab8",
            "id": "rtb-03a39ad3f8a8cbab8",
            "owner_id": "580234752977",
            "propagating_vgws": [],
            "route": [],
            "tags": {
              "Name": "VPC-public"
            },
            "tags_all": {
              "Name": "VPC-public"
            },
            "timeouts": null,
            "vpc_id": "vpc-0a7691235c969ab4c"
          },
          "sensitive_attributes": [],
          "private": "eyJlMmJmYjczMC1lY2FhLTExZTYtOGY4OC0zNDM2M2JjN2M0YzAiOnsiY3JlYXRlIjozMDAwMDAwMDAwMDAsImRlbGV0ZSI6MzAwMDAwMDAwMDAwLCJ1cGRhdGUiOjEyMDAwMDAwMDAwMH19",
          "dependencies": [
            "module.vpc.aws_vpc.this",
            "module.vpc.aws_vpc_ipv4_cidr_block_association.this"
          ]
        }
      ]
    },
    {
      "module": "module.vpc",
      "mode": "managed",
      "type": "aws_route_table_association",
      "name": "private",
      "provider": "provider[\"registry.terraform.io/hashicorp/aws\"]",
      "instances": [
        {
          "index_key": 0,
          "schema_version": 0,
          "attributes": {
            "gateway_id": "",
            "id": "rtbassoc-0a8ee846c15ece25a",
            "route_table_id": "rtb-031a3c3b0a8c53d9c",
            "subnet_id": "subnet-095eba5cfda7c35d2"
          },
          "sensitive_attributes": [],
          "private": "bnVsbA==",
          "dependencies": [
            "module.vpc.aws_route_table.private",
            "module.vpc.aws_subnet.private",
            "module.vpc.aws_vpc.this",
            "module.vpc.aws_vpc_ipv4_cidr_block_association.this"
          ]
        },
        {
          "index_key": 1,
          "schema_version": 0,
          "attributes": {
            "gateway_id": "",
            "id": "rtbassoc-0ef6d975e61963f1b",
            "route_table_id": "rtb-031a3c3b0a8c53d9c",
            "subnet_id": "subnet-052a94d8419a7276f"
          },
          "sensitive_attributes": [],
          "private": "bnVsbA==",
          "dependencies": [
            "module.vpc.aws_route_table.private",
            "module.vpc.aws_subnet.private",
            "module.vpc.aws_vpc.this",
            "module.vpc.aws_vpc_ipv4_cidr_block_association.this"
          ]
        },
        {
          "index_key": 2,
          "schema_version": 0,
          "attributes": {
            "gateway_id": "",
            "id": "rtbassoc-09b5cde6cd710f496",
            "route_table_id": "rtb-031a3c3b0a8c53d9c",
            "subnet_id": "subnet-050bf68e0b0bed2c6"
          },
          "sensitive_attributes": [],
          "private": "bnVsbA==",
          "dependencies": [
            "module.vpc.aws_route_table.private",
            "module.vpc.aws_subnet.private",
            "module.vpc.aws_vpc.this",
            "module.vpc.aws_vpc_ipv4_cidr_block_association.this"
          ]
        },
        {
          "index_key": 3,
          "schema_version": 0,
          "attributes": {
            "gateway_id": "",
            "id": "rtbassoc-02e0c86e189687517",
            "route_table_id": "rtb-031a3c3b0a8c53d9c",
            "subnet_id": "subnet-0268ec5d4b18682a6"
          },
          "sensitive_attributes": [],
          "private": "bnVsbA==",
          "dependencies": [
            "module.vpc.aws_route_table.private",
            "module.vpc.aws_subnet.private",
            "module.vpc.aws_vpc.this",
            "module.vpc.aws_vpc_ipv4_cidr_block_association.this"
          ]
        },
        {
          "index_key": 4,
          "schema_version": 0,
          "attributes": {
            "gateway_id": "",
            "id": "rtbassoc-03fb851694a3b289d",
            "route_table_id": "rtb-031a3c3b0a8c53d9c",
            "subnet_id": "subnet-0f65913796a5fef82"
          },
          "sensitive_attributes": [],
          "private": "bnVsbA==",
          "dependencies": [
            "module.vpc.aws_route_table.private",
            "module.vpc.aws_subnet.private",
            "module.vpc.aws_vpc.this",
            "module.vpc.aws_vpc_ipv4_cidr_block_association.this"
          ]
        }
      ]
    },
    {
      "module": "module.vpc",
      "mode": "managed",
      "type": "aws_route_table_association",
      "name": "public",
      "provider": "provider[\"registry.terraform.io/hashicorp/aws\"]",
      "instances": [
        {
          "index_key": 0,
          "schema_version": 0,
          "attributes": {
            "gateway_id": "",
            "id": "rtbassoc-096459f253050eca7",
            "route_table_id": "rtb-03a39ad3f8a8cbab8",
            "subnet_id": "subnet-045427e9029bca298"
          },
          "sensitive_attributes": [],
          "private": "bnVsbA==",
          "dependencies": [
            "module.vpc.aws_route_table.public",
            "module.vpc.aws_subnet.public",
            "module.vpc.aws_vpc.this",
            "module.vpc.aws_vpc_ipv4_cidr_block_association.this"
          ]
        },
        {
          "index_key": 1,
          "schema_version": 0,
          "attributes": {
            "gateway_id": "",
            "id": "rtbassoc-0cf70e55420f70614",
            "route_table_id": "rtb-03a39ad3f8a8cbab8",
            "subnet_id": "subnet-0ada331e068e9cc17"
          },
          "sensitive_attributes": [],
          "private": "bnVsbA==",
          "dependencies": [
            "module.vpc.aws_route_table.public",
            "module.vpc.aws_subnet.public",
            "module.vpc.aws_vpc.this",
            "module.vpc.aws_vpc_ipv4_cidr_block_association.this"
          ]
        },
        {
          "index_key": 2,
          "schema_version": 0,
          "attributes": {
            "gateway_id": "",
            "id": "rtbassoc-021f0bcc2df5bfbe3",
            "route_table_id": "rtb-03a39ad3f8a8cbab8",
            "subnet_id": "subnet-0faf37ec8596025bc"
          },
          "sensitive_attributes": [],
          "private": "bnVsbA==",
          "dependencies": [
            "module.vpc.aws_route_table.public",
            "module.vpc.aws_subnet.public",
            "module.vpc.aws_vpc.this",
            "module.vpc.aws_vpc_ipv4_cidr_block_association.this"
          ]
        },
        {
          "index_key": 3,
          "schema_version": 0,
          "attributes": {
            "gateway_id": "",
            "id": "rtbassoc-0bbf070c0bd41c63b",
            "route_table_id": "rtb-03a39ad3f8a8cbab8",
            "subnet_id": "subnet-02167bb343687604a"
          },
          "sensitive_attributes": [],
          "private": "bnVsbA==",
          "dependencies": [
            "module.vpc.aws_route_table.public",
            "module.vpc.aws_subnet.public",
            "module.vpc.aws_vpc.this",
            "module.vpc.aws_vpc_ipv4_cidr_block_association.this"
          ]
        },
        {
          "index_key": 4,
          "schema_version": 0,
          "attributes": {
            "gateway_id": "",
            "id": "rtbassoc-078aff4552a39066a",
            "route_table_id": "rtb-03a39ad3f8a8cbab8",
            "subnet_id": "subnet-08dfa21289329fddd"
          },
          "sensitive_attributes": [],
          "private": "bnVsbA==",
          "dependencies": [
            "module.vpc.aws_route_table.public",
            "module.vpc.aws_subnet.public",
            "module.vpc.aws_vpc.this",
            "module.vpc.aws_vpc_ipv4_cidr_block_association.this"
          ]
        }
      ]
    },
    {
      "module": "module.vpc",
      "mode": "managed",
      "type": "aws_subnet",
      "name": "private",
      "provider": "provider[\"registry.terraform.io/hashicorp/aws\"]",
      "instances": [
        {
          "index_key": 0,
          "schema_version": 1,
          "attributes": {
            "arn": "arn:aws:ec2:us-east-1:580234752977:subnet/subnet-095eba5cfda7c35d2",
            "assign_ipv6_address_on_creation": false,
            "availability_zone": "us-east-1a",
            "availability_zone_id": "use1-az2",
            "cidr_block": "172.23.0.0/22",
            "customer_owned_ipv4_pool": "",
            "enable_dns64": false,
            "enable_resource_name_dns_a_record_on_launch": false,
            "enable_resource_name_dns_aaaa_record_on_launch": false,
            "id": "subnet-095eba5cfda7c35d2",
            "ipv6_cidr_block": "",
            "ipv6_cidr_block_association_id": "",
            "ipv6_native": false,
            "map_customer_owned_ip_on_launch": false,
            "map_public_ip_on_launch": false,
            "outpost_arn": "",
            "owner_id": "580234752977",
            "private_dns_hostname_type_on_launch": "ip-name",
            "tags": {
              "Name": "caldera-test_private"
            },
            "tags_all": {
              "Name": "caldera-test_private"
            },
            "timeouts": null,
            "vpc_id": "vpc-0a7691235c969ab4c"
          },
          "sensitive_attributes": [],
          "private": "eyJlMmJmYjczMC1lY2FhLTExZTYtOGY4OC0zNDM2M2JjN2M0YzAiOnsiY3JlYXRlIjo2MDAwMDAwMDAwMDAsImRlbGV0ZSI6MTIwMDAwMDAwMDAwMH0sInNjaGVtYV92ZXJzaW9uIjoiMSJ9",
          "dependencies": [
            "module.vpc.aws_vpc.this",
            "module.vpc.aws_vpc_ipv4_cidr_block_association.this"
          ]
        },
        {
          "index_key": 1,
          "schema_version": 1,
          "attributes": {
            "arn": "arn:aws:ec2:us-east-1:580234752977:subnet/subnet-052a94d8419a7276f",
            "assign_ipv6_address_on_creation": false,
            "availability_zone": "us-east-1b",
            "availability_zone_id": "use1-az4",
            "cidr_block": "172.23.32.0/22",
            "customer_owned_ipv4_pool": "",
            "enable_dns64": false,
            "enable_resource_name_dns_a_record_on_launch": false,
            "enable_resource_name_dns_aaaa_record_on_launch": false,
            "id": "subnet-052a94d8419a7276f",
            "ipv6_cidr_block": "",
            "ipv6_cidr_block_association_id": "",
            "ipv6_native": false,
            "map_customer_owned_ip_on_launch": false,
            "map_public_ip_on_launch": false,
            "outpost_arn": "",
            "owner_id": "580234752977",
            "private_dns_hostname_type_on_launch": "ip-name",
            "tags": {
              "Name": "caldera-test_private"
            },
            "tags_all": {
              "Name": "caldera-test_private"
            },
            "timeouts": null,
            "vpc_id": "vpc-0a7691235c969ab4c"
          },
          "sensitive_attributes": [],
          "private": "eyJlMmJmYjczMC1lY2FhLTExZTYtOGY4OC0zNDM2M2JjN2M0YzAiOnsiY3JlYXRlIjo2MDAwMDAwMDAwMDAsImRlbGV0ZSI6MTIwMDAwMDAwMDAwMH0sInNjaGVtYV92ZXJzaW9uIjoiMSJ9",
          "dependencies": [
            "module.vpc.aws_vpc.this",
            "module.vpc.aws_vpc_ipv4_cidr_block_association.this"
          ]
        },
        {
          "index_key": 2,
          "schema_version": 1,
          "attributes": {
            "arn": "arn:aws:ec2:us-east-1:580234752977:subnet/subnet-050bf68e0b0bed2c6",
            "assign_ipv6_address_on_creation": false,
            "availability_zone": "us-east-1c",
            "availability_zone_id": "use1-az6",
            "cidr_block": "172.23.64.0/22",
            "customer_owned_ipv4_pool": "",
            "enable_dns64": false,
            "enable_resource_name_dns_a_record_on_launch": false,
            "enable_resource_name_dns_aaaa_record_on_launch": false,
            "id": "subnet-050bf68e0b0bed2c6",
            "ipv6_cidr_block": "",
            "ipv6_cidr_block_association_id": "",
            "ipv6_native": false,
            "map_customer_owned_ip_on_launch": false,
            "map_public_ip_on_launch": false,
            "outpost_arn": "",
            "owner_id": "580234752977",
            "private_dns_hostname_type_on_launch": "ip-name",
            "tags": {
              "Name": "caldera-test_private"
            },
            "tags_all": {
              "Name": "caldera-test_private"
            },
            "timeouts": null,
            "vpc_id": "vpc-0a7691235c969ab4c"
          },
          "sensitive_attributes": [],
          "private": "eyJlMmJmYjczMC1lY2FhLTExZTYtOGY4OC0zNDM2M2JjN2M0YzAiOnsiY3JlYXRlIjo2MDAwMDAwMDAwMDAsImRlbGV0ZSI6MTIwMDAwMDAwMDAwMH0sInNjaGVtYV92ZXJzaW9uIjoiMSJ9",
          "dependencies": [
            "module.vpc.aws_vpc.this",
            "module.vpc.aws_vpc_ipv4_cidr_block_association.this"
          ]
        },
        {
          "index_key": 3,
          "schema_version": 1,
          "attributes": {
            "arn": "arn:aws:ec2:us-east-1:580234752977:subnet/subnet-0268ec5d4b18682a6",
            "assign_ipv6_address_on_creation": false,
            "availability_zone": "us-east-1d",
            "availability_zone_id": "use1-az1",
            "cidr_block": "172.23.96.0/22",
            "customer_owned_ipv4_pool": "",
            "enable_dns64": false,
            "enable_resource_name_dns_a_record_on_launch": false,
            "enable_resource_name_dns_aaaa_record_on_launch": false,
            "id": "subnet-0268ec5d4b18682a6",
            "ipv6_cidr_block": "",
            "ipv6_cidr_block_association_id": "",
            "ipv6_native": false,
            "map_customer_owned_ip_on_launch": false,
            "map_public_ip_on_launch": false,
            "outpost_arn": "",
            "owner_id": "580234752977",
            "private_dns_hostname_type_on_launch": "ip-name",
            "tags": {
              "Name": "caldera-test_private"
            },
            "tags_all": {
              "Name": "caldera-test_private"
            },
            "timeouts": null,
            "vpc_id": "vpc-0a7691235c969ab4c"
          },
          "sensitive_attributes": [],
          "private": "eyJlMmJmYjczMC1lY2FhLTExZTYtOGY4OC0zNDM2M2JjN2M0YzAiOnsiY3JlYXRlIjo2MDAwMDAwMDAwMDAsImRlbGV0ZSI6MTIwMDAwMDAwMDAwMH0sInNjaGVtYV92ZXJzaW9uIjoiMSJ9",
          "dependencies": [
            "module.vpc.aws_vpc.this",
            "module.vpc.aws_vpc_ipv4_cidr_block_association.this"
          ]
        },
        {
          "index_key": 4,
          "schema_version": 1,
          "attributes": {
            "arn": "arn:aws:ec2:us-east-1:580234752977:subnet/subnet-0f65913796a5fef82",
            "assign_ipv6_address_on_creation": false,
            "availability_zone": "us-east-1f",
            "availability_zone_id": "use1-az5",
            "cidr_block": "172.23.160.0/22",
            "customer_owned_ipv4_pool": "",
            "enable_dns64": false,
            "enable_resource_name_dns_a_record_on_launch": false,
            "enable_resource_name_dns_aaaa_record_on_launch": false,
            "id": "subnet-0f65913796a5fef82",
            "ipv6_cidr_block": "",
            "ipv6_cidr_block_association_id": "",
            "ipv6_native": false,
            "map_customer_owned_ip_on_launch": false,
            "map_public_ip_on_launch": false,
            "outpost_arn": "",
            "owner_id": "580234752977",
            "private_dns_hostname_type_on_launch": "ip-name",
            "tags": {
              "Name": "caldera-test_private"
            },
            "tags_all": {
              "Name": "caldera-test_private"
            },
            "timeouts": null,
            "vpc_id": "vpc-0a7691235c969ab4c"
          },
          "sensitive_attributes": [],
          "private": "eyJlMmJmYjczMC1lY2FhLTExZTYtOGY4OC0zNDM2M2JjN2M0YzAiOnsiY3JlYXRlIjo2MDAwMDAwMDAwMDAsImRlbGV0ZSI6MTIwMDAwMDAwMDAwMH0sInNjaGVtYV92ZXJzaW9uIjoiMSJ9",
          "dependencies": [
            "module.vpc.aws_vpc.this",
            "module.vpc.aws_vpc_ipv4_cidr_block_association.this"
          ]
        }
      ]
    },
    {
      "module": "module.vpc",
      "mode": "managed",
      "type": "aws_subnet",
      "name": "public",
      "provider": "provider[\"registry.terraform.io/hashicorp/aws\"]",
      "instances": [
        {
          "index_key": 0,
          "schema_version": 1,
          "attributes": {
            "arn": "arn:aws:ec2:us-east-1:580234752977:subnet/subnet-045427e9029bca298",
            "assign_ipv6_address_on_creation": false,
            "availability_zone": "us-east-1a",
            "availability_zone_id": "use1-az2",
            "cidr_block": "172.23.4.0/22",
            "customer_owned_ipv4_pool": "",
            "enable_dns64": false,
            "enable_resource_name_dns_a_record_on_launch": false,
            "enable_resource_name_dns_aaaa_record_on_launch": false,
            "id": "subnet-045427e9029bca298",
            "ipv6_cidr_block": "",
            "ipv6_cidr_block_association_id": "",
            "ipv6_native": false,
            "map_customer_owned_ip_on_launch": false,
            "map_public_ip_on_launch": true,
            "outpost_arn": "",
            "owner_id": "580234752977",
            "private_dns_hostname_type_on_launch": "ip-name",
            "tags": {
              "Name": "caldera-test_public"
            },
            "tags_all": {
              "Name": "caldera-test_public"
            },
            "timeouts": null,
            "vpc_id": "vpc-0a7691235c969ab4c"
          },
          "sensitive_attributes": [],
          "private": "eyJlMmJmYjczMC1lY2FhLTExZTYtOGY4OC0zNDM2M2JjN2M0YzAiOnsiY3JlYXRlIjo2MDAwMDAwMDAwMDAsImRlbGV0ZSI6MTIwMDAwMDAwMDAwMH0sInNjaGVtYV92ZXJzaW9uIjoiMSJ9",
          "dependencies": [
            "module.vpc.aws_vpc.this",
            "module.vpc.aws_vpc_ipv4_cidr_block_association.this"
          ]
        },
        {
          "index_key": 1,
          "schema_version": 1,
          "attributes": {
            "arn": "arn:aws:ec2:us-east-1:580234752977:subnet/subnet-0ada331e068e9cc17",
            "assign_ipv6_address_on_creation": false,
            "availability_zone": "us-east-1b",
            "availability_zone_id": "use1-az4",
            "cidr_block": "172.23.36.0/22",
            "customer_owned_ipv4_pool": "",
            "enable_dns64": false,
            "enable_resource_name_dns_a_record_on_launch": false,
            "enable_resource_name_dns_aaaa_record_on_launch": false,
            "id": "subnet-0ada331e068e9cc17",
            "ipv6_cidr_block": "",
            "ipv6_cidr_block_association_id": "",
            "ipv6_native": false,
            "map_customer_owned_ip_on_launch": false,
            "map_public_ip_on_launch": true,
            "outpost_arn": "",
            "owner_id": "580234752977",
            "private_dns_hostname_type_on_launch": "ip-name",
            "tags": {
              "Name": "caldera-test_public"
            },
            "tags_all": {
              "Name": "caldera-test_public"
            },
            "timeouts": null,
            "vpc_id": "vpc-0a7691235c969ab4c"
          },
          "sensitive_attributes": [],
          "private": "eyJlMmJmYjczMC1lY2FhLTExZTYtOGY4OC0zNDM2M2JjN2M0YzAiOnsiY3JlYXRlIjo2MDAwMDAwMDAwMDAsImRlbGV0ZSI6MTIwMDAwMDAwMDAwMH0sInNjaGVtYV92ZXJzaW9uIjoiMSJ9",
          "dependencies": [
            "module.vpc.aws_vpc.this",
            "module.vpc.aws_vpc_ipv4_cidr_block_association.this"
          ]
        },
        {
          "index_key": 2,
          "schema_version": 1,
          "attributes": {
            "arn": "arn:aws:ec2:us-east-1:580234752977:subnet/subnet-0faf37ec8596025bc",
            "assign_ipv6_address_on_creation": false,
            "availability_zone": "us-east-1c",
            "availability_zone_id": "use1-az6",
            "cidr_block": "172.23.68.0/22",
            "customer_owned_ipv4_pool": "",
            "enable_dns64": false,
            "enable_resource_name_dns_a_record_on_launch": false,
            "enable_resource_name_dns_aaaa_record_on_launch": false,
            "id": "subnet-0faf37ec8596025bc",
            "ipv6_cidr_block": "",
            "ipv6_cidr_block_association_id": "",
            "ipv6_native": false,
            "map_customer_owned_ip_on_launch": false,
            "map_public_ip_on_launch": true,
            "outpost_arn": "",
            "owner_id": "580234752977",
            "private_dns_hostname_type_on_launch": "ip-name",
            "tags": {
              "Name": "caldera-test_public"
            },
            "tags_all": {
              "Name": "caldera-test_public"
            },
            "timeouts": null,
            "vpc_id": "vpc-0a7691235c969ab4c"
          },
          "sensitive_attributes": [],
          "private": "eyJlMmJmYjczMC1lY2FhLTExZTYtOGY4OC0zNDM2M2JjN2M0YzAiOnsiY3JlYXRlIjo2MDAwMDAwMDAwMDAsImRlbGV0ZSI6MTIwMDAwMDAwMDAwMH0sInNjaGVtYV92ZXJzaW9uIjoiMSJ9",
          "dependencies": [
            "module.vpc.aws_vpc.this",
            "module.vpc.aws_vpc_ipv4_cidr_block_association.this"
          ]
        },
        {
          "index_key": 3,
          "schema_version": 1,
          "attributes": {
            "arn": "arn:aws:ec2:us-east-1:580234752977:subnet/subnet-02167bb343687604a",
            "assign_ipv6_address_on_creation": false,
            "availability_zone": "us-east-1d",
            "availability_zone_id": "use1-az1",
            "cidr_block": "172.23.100.0/22",
            "customer_owned_ipv4_pool": "",
            "enable_dns64": false,
            "enable_resource_name_dns_a_record_on_launch": false,
            "enable_resource_name_dns_aaaa_record_on_launch": false,
            "id": "subnet-02167bb343687604a",
            "ipv6_cidr_block": "",
            "ipv6_cidr_block_association_id": "",
            "ipv6_native": false,
            "map_customer_owned_ip_on_launch": false,
            "map_public_ip_on_launch": true,
            "outpost_arn": "",
            "owner_id": "580234752977",
            "private_dns_hostname_type_on_launch": "ip-name",
            "tags": {
              "Name": "caldera-test_public"
            },
            "tags_all": {
              "Name": "caldera-test_public"
            },
            "timeouts": null,
            "vpc_id": "vpc-0a7691235c969ab4c"
          },
          "sensitive_attributes": [],
          "private": "eyJlMmJmYjczMC1lY2FhLTExZTYtOGY4OC0zNDM2M2JjN2M0YzAiOnsiY3JlYXRlIjo2MDAwMDAwMDAwMDAsImRlbGV0ZSI6MTIwMDAwMDAwMDAwMH0sInNjaGVtYV92ZXJzaW9uIjoiMSJ9",
          "dependencies": [
            "module.vpc.aws_vpc.this",
            "module.vpc.aws_vpc_ipv4_cidr_block_association.this"
          ]
        },
        {
          "index_key": 4,
          "schema_version": 1,
          "attributes": {
            "arn": "arn:aws:ec2:us-east-1:580234752977:subnet/subnet-08dfa21289329fddd",
            "assign_ipv6_address_on_creation": false,
            "availability_zone": "us-east-1f",
            "availability_zone_id": "use1-az5",
            "cidr_block": "172.23.164.0/22",
            "customer_owned_ipv4_pool": "",
            "enable_dns64": false,
            "enable_resource_name_dns_a_record_on_launch": false,
            "enable_resource_name_dns_aaaa_record_on_launch": false,
            "id": "subnet-08dfa21289329fddd",
            "ipv6_cidr_block": "",
            "ipv6_cidr_block_association_id": "",
            "ipv6_native": false,
            "map_customer_owned_ip_on_launch": false,
            "map_public_ip_on_launch": true,
            "outpost_arn": "",
            "owner_id": "580234752977",
            "private_dns_hostname_type_on_launch": "ip-name",
            "tags": {
              "Name": "caldera-test_public"
            },
            "tags_all": {
              "Name": "caldera-test_public"
            },
            "timeouts": null,
            "vpc_id": "vpc-0a7691235c969ab4c"
          },
          "sensitive_attributes": [],
          "private": "eyJlMmJmYjczMC1lY2FhLTExZTYtOGY4OC0zNDM2M2JjN2M0YzAiOnsiY3JlYXRlIjo2MDAwMDAwMDAwMDAsImRlbGV0ZSI6MTIwMDAwMDAwMDAwMH0sInNjaGVtYV92ZXJzaW9uIjoiMSJ9",
          "dependencies": [
            "module.vpc.aws_vpc.this",
            "module.vpc.aws_vpc_ipv4_cidr_block_association.this"
          ]
        }
      ]
    },
    {
      "module": "module.vpc",
      "mode": "managed",
      "type": "aws_vpc",
      "name": "this",
      "provider": "provider[\"registry.terraform.io/hashicorp/aws\"]",
      "instances": [
        {
          "index_key": 0,
          "schema_version": 1,
          "attributes": {
            "arn": "arn:aws:ec2:us-east-1:580234752977:vpc/vpc-0a7691235c969ab4c",
            "assign_generated_ipv6_cidr_block": false,
            "cidr_block": "172.23.0.0/16",
            "default_network_acl_id": "acl-0e9df4b0c366b3d34",
            "default_route_table_id": "rtb-0a8f12c20fed7b4c1",
            "default_security_group_id": "sg-089e818672c70f2d0",
            "dhcp_options_id": "dopt-0271ff866977a9430",
            "enable_classiclink": false,
            "enable_classiclink_dns_support": false,
            "enable_dns_hostnames": true,
            "enable_dns_support": true,
            "id": "vpc-0a7691235c969ab4c",
            "instance_tenancy": "default",
            "ipv4_ipam_pool_id": null,
            "ipv4_netmask_length": null,
            "ipv6_association_id": "",
            "ipv6_cidr_block": "",
            "ipv6_cidr_block_network_border_group": "",
            "ipv6_ipam_pool_id": "",
            "ipv6_netmask_length": 0,
            "main_route_table_id": "rtb-0a8f12c20fed7b4c1",
            "owner_id": "580234752977",
            "tags": {
              "Name": "VPC"
            },
            "tags_all": {
              "Name": "VPC"
            }
          },
          "sensitive_attributes": [],
          "private": "eyJzY2hlbWFfdmVyc2lvbiI6IjEifQ=="
        }
      ]
    }
  ]
}
