{
  "version": 4,
  "terraform_version": "1.2.4",
  "serial": 38,
  "lineage": "680ae92b-9bdf-6856-c708-62c0e93d9671",
  "outputs": {
    "caldera_server_id": {
      "value": "i-07c243dd7d354ddb9",
      "type": "string"
    },
    "caldera_server_ip": {
      "value": "3.219.242.187",
      "type": "string"
    },
    "linux_host_id": {
      "value": "i-0c29234888c16ca0d",
      "type": "string"
    },
    "linux_host_ip": {
      "value": "172.23.32.95",
      "type": "string"
    },
    "rsa_private_key": {
      "value": "-----BEGIN RSA PRIVATE KEY-----\nMIIJKAIBAAKCAgEAoVO/xa+CMzcMdUwXwv+6zUdj+OYCAwvQvIFC9yIA7cYTTp41\nZl46RVu22QN3DOGczg8jQf4xk7l91TWQvPYxOIs0RTi5ibXQn6J8qGcc5bxJEk21\n3KeZDZ95UvScqe0m112E9VD03uBIy/m96VCk36lqmgzb6D2qIoz8XWdsaKwjfNyH\nbgs+rSztP/rgkKE1yN9LoDZNg0ZJsYZLQOO8tSoQZ+g5X5nw7HafiVCvzUotlGQN\nV6B3bSJF5dSYagGXkJaNaCpPkF1we0w6P2TBtokr/le7kNcw+Z29GkQHDv+Men86\nw7SWbYujRY3iDUR+Wn3E6aiqIjx5pAMYIQFCxukL9I3W5FPUilCX8+Swkwrj1lY6\nGc7Hd7kIHI9WoMCrfF742+WaZ6q86pHh7vMM5DSqxm7L8HGF7lIAqjfUugSBqU9r\nK2JCUG/gOpNweEWaXAhYinVSpgjzUF+RdB6rczinrFqBfUHuRjUPvF1IeqE0BnDj\nF2yq5Z+EZVJ4MUha3qcySp0/GcQAaEkwPKaT0PfvGVce3k7g23jIWB4tu37cQxri\n1Bd23iQWb0cMyOuBjmsuIniW2mcZp2/u9NB1IwjQnQs1dsDrJNoo1dJM0kuS5TXg\n2SWatgtPFC7KTks9JGfLNhW13MrYLzFc75aP1ri70bavJ5fekJq/ryta/isCAwEA\nAQKCAgAd8/a/NX7vE2F0xdQDmIeOZZriM5JcDm2LElTknaOeghBDoIw5nXUkO4sP\nb91CvwDmIVlif1elHeOHGpLtAqjQ3setsoKAVwmNGhYbDkoHPZYzl8oUVenM5bcY\n9+G+ixGTGwH8qjNMzke114CzOQ3jmQj54TlTPV/BWnvgu7sdFBjire9XNy9D5/uE\nzYe0UroxuYPJE0wA+6PjGhQO0DnRSSYSpMNCRMq+nKeyTxDVBNjBnHH9uwVxddOU\ngIxr4i/J4KoQlQqAu1iPC/AkpQhyY7WPW6qvkcS+E9NwdQD6f+gNNmIqw/TKEgsW\ndulpnTX4hzFwUKiGAsRy90AboKhNCpdeibiWkafIi25ueaUjEKzI/PMsqCXiTcsA\n8Al1AyO9aVmzOPXbjKZK/bidAtWBdUkgYBbiwQL6ECKnRClvpB6Z2GNk2RHyNKPu\nMT6aycNeTYlfzCI0NASeP1Gn2/slUSIyEKiNVabzVFsevCqZH1IqAoONx2c8WSHH\n+A0Dqy4Saz1wmGw9qkG88u9NDbpJRdfRtCbD9Y3Ndl4mYTwtSDOWd3F0etp6rECX\ne5HgTb5t/tH5osTc7VDoMWVNET4MA120grK0npwBifJDLm1p2n0tSxreXHlGcEqA\nn6vcSsKGM3rC4KF0OR43MUCt6rQJKWPs2z6Nm5DPMkz2azMnQQKCAQEA1fjxW+jT\nvEvbZqTbNfu4lRvYjxll8QcHavkxqNj3PVh2gD22PTwDnSa3ouh2EqSG3Kbf43Oh\n+Pzxb8E8bUn2yuBVca0L83QAlYpWTLmXEq52V4L7oo9VzK6MUb6OsIH1J0FSketD\nfmdkKCfoNH//TTTlRcO7Z8swp5v8RGUvCJtDYufcus2NYH8uUR6hm+rYgxeQJtNE\nGupTWlseRJTC6Y77bA0JfaCTFF9PDhvqX+08dJWFNwqgQdxQ9eWYmEg+zQYpYbVi\ni8oIIOeXCX8kI7CExYlAW36MFiNerl7F5Bm+T5DdFVJXal1yEjwUoYhAKbve7FPd\nV3dybc+3kilyPQKCAQEAwQOsJ9mGXKjz2nyQ2rpO+hOHFSLbWWgGMSpg/X++dH9G\n5ifHhCjF9PmCdbcZtW+C/JF/rl55ZGK3eXWjK6RvHxL62e37JvZ4G9jyIxmXztDM\nQcGVxsVTeIGlgcqqkkkbhDKctgSC2SYVe9rNx02sGQTS+VqZOMa30mn8dM6YtuAk\nE1C+jNcUaj/wUbBSj/nHz9/2AHw94MfYptmvrh6j/9LySS1mB23TFTNtudaICq4p\nSj87XjEtefH8uAcJRelJ3P73m+I33JW/hdcaFAaQMthIXVHX63Fvmu/FcgTyzdUd\nQh3wEqS5KY8ZB7xkOioCqwAnUhx+C+xcjaDYoDrAhwKCAQA6QKXk8cQDNVur3CHZ\n1ofwAD665p08Oz+nvePpJfhZeSX5z9M3ZIlPVWUVMthCRwx4Me4uDCMCmEpatG7x\nCfvoS563bfcc9m3aSGkqRjR834ZUWNKM9RzUtoh5ELnkD91gLIaAN16OoTNBQ2wS\nLu6gZFAu6BSzMzwxxWOucyWU4EA+QwVyzdc5eCZx6zbwLcV4Gwghqc6WzUiYBsp8\nvUs7LrQAPKRi0T55g2EQZEUwjHOzAanczEXI6GQaLcGXY8PFKXJGqY0EpaIE40fZ\nTAXYuYvMA4vD3PXiaQqzyhVx/hgzrSqjTWGDEaGmmTi8qU1ej0knacWOtHQwtSYy\n4pm5AoIBAQCSlOJqRRV4S0seM5misvkFjEz7LUSeKpUBQ6jy+8+9E2fZpH4uDPUB\nbXe5RDu/AZfdjfYEi3TvWtTx5ffsTe2iELz3QneJCIcAxwpkw6v5gbKNgaHombUh\ngHwcDLjrbZ/7DqDazqQ8m2KXc/zxDjjTq0k526cfajLyFlGGt9tcju52yMxdk33K\njxJIR3r8InqvkOt3ROONUNhlJk74EgcEYsRj9JlWrP4wTKVZC+a3DbsHyuugRgK+\naJs/ewB82oWg0vViqjM4T3VrBIemi7F5G64hSOWMxdI3PT6ar81hqiaVLr1Cu1xv\nhmBA8r6/OWZbTTuPbVoAXhmP6YZ6cQQDAoIBAGc919gdpBi0f1PU5pZl0EmUCLdB\nKLIBvfFoQEaekLS1v24XUSgb+JotYTTurjRj7U4uIs2ubi411OZ71JvAmtCxFRuA\naV3B15lqbfrz6r442ND3swUnkDJNiSIab+mYEoizLJm184cip8b2jL2cqeDaJJEq\nkAf5ZbrBULhCRH6oD0o7Dt92r1ChlBb+JRZCszUxaA3deqD28GEXWw7IqRfccErf\nTLk2baswbU+3LtCxyERQnm5FyOS7wgaqhjSNX2Op4HtrNTqAcEfJZIkoCGQh6R+S\nVxEtZHfTTV8IbIu+JORWrFqU+uyFNW78+L4Ek7A7JfqdEJruMMFdABReLo0=\n-----END RSA PRIVATE KEY-----\n",
      "type": "string"
    },
    "windows_host_id": {
      "value": "i-0632ae3982fb563cc",
      "type": "string"
    },
    "windows_host_ip": {
      "value": "172.23.64.95",
      "type": "string"
    }
  },
  "resources": [
    {
      "mode": "managed",
      "type": "aws_instance",
      "name": "caldera_server",
      "provider": "provider[\"registry.terraform.io/hashicorp/aws\"]",
      "instances": [
        {
          "schema_version": 1,
          "attributes": {
            "ami": "ami-09d56f8956ab235b3",
            "arn": "arn:aws:ec2:us-east-1:760612056946:instance/i-07c243dd7d354ddb9",
            "associate_public_ip_address": true,
            "availability_zone": "us-east-1a",
            "capacity_reservation_specification": [
              {
                "capacity_reservation_preference": "open",
                "capacity_reservation_target": []
              }
            ],
            "cpu_core_count": 1,
            "cpu_threads_per_core": 2,
            "credit_specification": [
              {
                "cpu_credits": "unlimited"
              }
            ],
            "disable_api_stop": false,
            "disable_api_termination": false,
            "ebs_block_device": [],
            "ebs_optimized": false,
            "enclave_options": [
              {
                "enabled": false
              }
            ],
            "ephemeral_block_device": [],
            "get_password_data": false,
            "hibernation": false,
            "host_id": null,
            "iam_instance_profile": "",
            "id": "i-07c243dd7d354ddb9",
            "instance_initiated_shutdown_behavior": "stop",
            "instance_state": "running",
            "instance_type": "t3.medium",
            "ipv6_address_count": 0,
            "ipv6_addresses": [],
            "key_name": "caldera-nodes",
            "launch_template": [],
            "maintenance_options": [
              {
                "auto_recovery": "default"
              }
            ],
            "metadata_options": [
              {
                "http_endpoint": "enabled",
                "http_put_response_hop_limit": 1,
                "http_tokens": "optional",
                "instance_metadata_tags": "disabled"
              }
            ],
            "monitoring": false,
            "network_interface": [],
            "outpost_arn": "",
            "password_data": "",
            "placement_group": "",
            "placement_partition_number": null,
            "primary_network_interface_id": "eni-03a588ca08c6c3db2",
            "private_dns": "ip-172-23-4-95.ec2.internal",
            "private_dns_name_options": [
              {
                "enable_resource_name_dns_a_record": false,
                "enable_resource_name_dns_aaaa_record": false,
                "hostname_type": "ip-name"
              }
            ],
            "private_ip": "172.23.4.95",
            "public_dns": "ec2-3-219-242-187.compute-1.amazonaws.com",
            "public_ip": "3.219.242.187",
            "root_block_device": [
              {
                "delete_on_termination": true,
                "device_name": "/dev/sda1",
                "encrypted": false,
                "iops": 100,
                "kms_key_id": "",
                "tags": {},
                "throughput": 0,
                "volume_id": "vol-03f5726214de721a0",
                "volume_size": 8,
                "volume_type": "gp2"
              }
            ],
            "secondary_private_ips": [],
            "security_groups": [],
            "source_dest_check": true,
            "subnet_id": "subnet-03d826c19674624b4",
            "tags": {
              "Name": "caldera_server",
              "environment": "caldera-test"
            },
            "tags_all": {
              "Name": "caldera_server",
              "environment": "caldera-test"
            },
            "tenancy": "default",
            "timeouts": null,
            "user_data": null,
            "user_data_base64": null,
            "user_data_replace_on_change": false,
            "volume_tags": null,
            "vpc_security_group_ids": [
              "sg-09a147d7efd5ef68c"
            ]
          },
          "sensitive_attributes": [],
          "private": "eyJlMmJmYjczMC1lY2FhLTExZTYtOGY4OC0zNDM2M2JjN2M0YzAiOnsiY3JlYXRlIjo2MDAwMDAwMDAwMDAsImRlbGV0ZSI6MTIwMDAwMDAwMDAwMCwidXBkYXRlIjo2MDAwMDAwMDAwMDB9LCJzY2hlbWFfdmVyc2lvbiI6IjEifQ==",
          "dependencies": [
            "aws_security_group.sg_caldera_server",
            "module.aws_rsa_key.aws_key_pair.worker",
            "module.aws_rsa_key.local_file.ssh_local",
            "module.aws_rsa_key.tls_private_key.ssh_key",
            "module.vpc.aws_cloudwatch_log_group.flow_log",
            "module.vpc.aws_customer_gateway.this",
            "module.vpc.aws_db_subnet_group.database",
            "module.vpc.aws_default_network_acl.this",
            "module.vpc.aws_default_route_table.default",
            "module.vpc.aws_default_security_group.this",
            "module.vpc.aws_default_vpc.this",
            "module.vpc.aws_egress_only_internet_gateway.this",
            "module.vpc.aws_eip.nat",
            "module.vpc.aws_elasticache_subnet_group.elasticache",
            "module.vpc.aws_flow_log.this",
            "module.vpc.aws_iam_policy.vpc_flow_log_cloudwatch",
            "module.vpc.aws_iam_role.vpc_flow_log_cloudwatch",
            "module.vpc.aws_iam_role_policy_attachment.vpc_flow_log_cloudwatch",
            "module.vpc.aws_internet_gateway.this",
            "module.vpc.aws_nat_gateway.this",
            "module.vpc.aws_network_acl.database",
            "module.vpc.aws_network_acl.elasticache",
            "module.vpc.aws_network_acl.intra",
            "module.vpc.aws_network_acl.outpost",
            "module.vpc.aws_network_acl.private",
            "module.vpc.aws_network_acl.public",
            "module.vpc.aws_network_acl.redshift",
            "module.vpc.aws_network_acl_rule.database_inbound",
            "module.vpc.aws_network_acl_rule.database_outbound",
            "module.vpc.aws_network_acl_rule.elasticache_inbound",
            "module.vpc.aws_network_acl_rule.elasticache_outbound",
            "module.vpc.aws_network_acl_rule.intra_inbound",
            "module.vpc.aws_network_acl_rule.intra_outbound",
            "module.vpc.aws_network_acl_rule.outpost_inbound",
            "module.vpc.aws_network_acl_rule.outpost_outbound",
            "module.vpc.aws_network_acl_rule.private_inbound",
            "module.vpc.aws_network_acl_rule.private_outbound",
            "module.vpc.aws_network_acl_rule.public_inbound",
            "module.vpc.aws_network_acl_rule.public_outbound",
            "module.vpc.aws_network_acl_rule.redshift_inbound",
            "module.vpc.aws_network_acl_rule.redshift_outbound",
            "module.vpc.aws_redshift_subnet_group.redshift",
            "module.vpc.aws_route.database_internet_gateway",
            "module.vpc.aws_route.database_ipv6_egress",
            "module.vpc.aws_route.database_nat_gateway",
            "module.vpc.aws_route.private_ipv6_egress",
            "module.vpc.aws_route.private_nat_gateway",
            "module.vpc.aws_route.public_internet_gateway",
            "module.vpc.aws_route.public_internet_gateway_ipv6",
            "module.vpc.aws_route_table.database",
            "module.vpc.aws_route_table.elasticache",
            "module.vpc.aws_route_table.intra",
            "module.vpc.aws_route_table.private",
            "module.vpc.aws_route_table.public",
            "module.vpc.aws_route_table.redshift",
            "module.vpc.aws_route_table_association.database",
            "module.vpc.aws_route_table_association.elasticache",
            "module.vpc.aws_route_table_association.intra",
            "module.vpc.aws_route_table_association.outpost",
            "module.vpc.aws_route_table_association.private",
            "module.vpc.aws_route_table_association.public",
            "module.vpc.aws_route_table_association.redshift",
            "module.vpc.aws_route_table_association.redshift_public",
            "module.vpc.aws_subnet.database",
            "module.vpc.aws_subnet.elasticache",
            "module.vpc.aws_subnet.intra",
            "module.vpc.aws_subnet.outpost",
            "module.vpc.aws_subnet.private",
            "module.vpc.aws_subnet.public",
            "module.vpc.aws_subnet.redshift",
            "module.vpc.aws_vpc.this",
            "module.vpc.aws_vpc_dhcp_options.this",
            "module.vpc.aws_vpc_dhcp_options_association.this",
            "module.vpc.aws_vpc_ipv4_cidr_block_association.this",
            "module.vpc.aws_vpn_gateway.this",
            "module.vpc.aws_vpn_gateway_attachment.this",
            "module.vpc.aws_vpn_gateway_route_propagation.intra",
            "module.vpc.aws_vpn_gateway_route_propagation.private",
            "module.vpc.aws_vpn_gateway_route_propagation.public",
            "module.vpc.data.aws_iam_policy_document.flow_log_cloudwatch_assume_role",
            "module.vpc.data.aws_iam_policy_document.vpc_flow_log_cloudwatch"
          ]
        }
      ]
    },
    {
      "mode": "managed",
      "type": "aws_instance",
      "name": "linux_host",
      "provider": "provider[\"registry.terraform.io/hashicorp/aws\"]",
      "instances": [
        {
          "schema_version": 1,
          "attributes": {
            "ami": "ami-09d56f8956ab235b3",
            "arn": "arn:aws:ec2:us-east-1:760612056946:instance/i-0c29234888c16ca0d",
            "associate_public_ip_address": false,
            "availability_zone": "us-east-1b",
            "capacity_reservation_specification": [
              {
                "capacity_reservation_preference": "open",
                "capacity_reservation_target": []
              }
            ],
            "cpu_core_count": 1,
            "cpu_threads_per_core": 1,
            "credit_specification": [
              {
                "cpu_credits": "standard"
              }
            ],
            "disable_api_stop": false,
            "disable_api_termination": false,
            "ebs_block_device": [],
            "ebs_optimized": false,
            "enclave_options": [
              {
                "enabled": false
              }
            ],
            "ephemeral_block_device": [],
            "get_password_data": false,
            "hibernation": false,
            "host_id": null,
            "iam_instance_profile": "",
            "id": "i-0c29234888c16ca0d",
            "instance_initiated_shutdown_behavior": "stop",
            "instance_state": "running",
            "instance_type": "t2.small",
            "ipv6_address_count": 0,
            "ipv6_addresses": [],
            "key_name": "caldera-nodes",
            "launch_template": [],
            "maintenance_options": [
              {
                "auto_recovery": "default"
              }
            ],
            "metadata_options": [
              {
                "http_endpoint": "enabled",
                "http_put_response_hop_limit": 1,
                "http_tokens": "optional",
                "instance_metadata_tags": "disabled"
              }
            ],
            "monitoring": false,
            "network_interface": [],
            "outpost_arn": "",
            "password_data": "",
            "placement_group": "",
            "placement_partition_number": null,
            "primary_network_interface_id": "eni-0b18641036e3bca30",
            "private_dns": "ip-172-23-32-95.ec2.internal",
            "private_dns_name_options": [
              {
                "enable_resource_name_dns_a_record": false,
                "enable_resource_name_dns_aaaa_record": false,
                "hostname_type": "ip-name"
              }
            ],
            "private_ip": "172.23.32.95",
            "public_dns": "",
            "public_ip": "",
            "root_block_device": [
              {
                "delete_on_termination": true,
                "device_name": "/dev/sda1",
                "encrypted": false,
                "iops": 100,
                "kms_key_id": "",
                "tags": {},
                "throughput": 0,
                "volume_id": "vol-03bb7240c76377fcf",
                "volume_size": 8,
                "volume_type": "gp2"
              }
            ],
            "secondary_private_ips": [],
            "security_groups": [],
            "source_dest_check": true,
            "subnet_id": "subnet-06f40ed9735b05a45",
            "tags": {
              "Name": "linux_host",
              "environment": "caldera-test"
            },
            "tags_all": {
              "Name": "linux_host",
              "environment": "caldera-test"
            },
            "tenancy": "default",
            "timeouts": null,
            "user_data": null,
            "user_data_base64": null,
            "user_data_replace_on_change": false,
            "volume_tags": null,
            "vpc_security_group_ids": [
              "sg-000b3ad794064766d"
            ]
          },
          "sensitive_attributes": [],
          "private": "eyJlMmJmYjczMC1lY2FhLTExZTYtOGY4OC0zNDM2M2JjN2M0YzAiOnsiY3JlYXRlIjo2MDAwMDAwMDAwMDAsImRlbGV0ZSI6MTIwMDAwMDAwMDAwMCwidXBkYXRlIjo2MDAwMDAwMDAwMDB9LCJzY2hlbWFfdmVyc2lvbiI6IjEifQ==",
          "dependencies": [
            "aws_instance.caldera_server",
            "aws_security_group.sg_caldera_linux",
            "module.aws_rsa_key.aws_key_pair.worker",
            "module.aws_rsa_key.local_file.ssh_local",
            "module.aws_rsa_key.tls_private_key.ssh_key",
            "module.vpc.aws_cloudwatch_log_group.flow_log",
            "module.vpc.aws_customer_gateway.this",
            "module.vpc.aws_db_subnet_group.database",
            "module.vpc.aws_default_network_acl.this",
            "module.vpc.aws_default_route_table.default",
            "module.vpc.aws_default_security_group.this",
            "module.vpc.aws_default_vpc.this",
            "module.vpc.aws_egress_only_internet_gateway.this",
            "module.vpc.aws_eip.nat",
            "module.vpc.aws_elasticache_subnet_group.elasticache",
            "module.vpc.aws_flow_log.this",
            "module.vpc.aws_iam_policy.vpc_flow_log_cloudwatch",
            "module.vpc.aws_iam_role.vpc_flow_log_cloudwatch",
            "module.vpc.aws_iam_role_policy_attachment.vpc_flow_log_cloudwatch",
            "module.vpc.aws_internet_gateway.this",
            "module.vpc.aws_nat_gateway.this",
            "module.vpc.aws_network_acl.database",
            "module.vpc.aws_network_acl.elasticache",
            "module.vpc.aws_network_acl.intra",
            "module.vpc.aws_network_acl.outpost",
            "module.vpc.aws_network_acl.private",
            "module.vpc.aws_network_acl.public",
            "module.vpc.aws_network_acl.redshift",
            "module.vpc.aws_network_acl_rule.database_inbound",
            "module.vpc.aws_network_acl_rule.database_outbound",
            "module.vpc.aws_network_acl_rule.elasticache_inbound",
            "module.vpc.aws_network_acl_rule.elasticache_outbound",
            "module.vpc.aws_network_acl_rule.intra_inbound",
            "module.vpc.aws_network_acl_rule.intra_outbound",
            "module.vpc.aws_network_acl_rule.outpost_inbound",
            "module.vpc.aws_network_acl_rule.outpost_outbound",
            "module.vpc.aws_network_acl_rule.private_inbound",
            "module.vpc.aws_network_acl_rule.private_outbound",
            "module.vpc.aws_network_acl_rule.public_inbound",
            "module.vpc.aws_network_acl_rule.public_outbound",
            "module.vpc.aws_network_acl_rule.redshift_inbound",
            "module.vpc.aws_network_acl_rule.redshift_outbound",
            "module.vpc.aws_redshift_subnet_group.redshift",
            "module.vpc.aws_route.database_internet_gateway",
            "module.vpc.aws_route.database_ipv6_egress",
            "module.vpc.aws_route.database_nat_gateway",
            "module.vpc.aws_route.private_ipv6_egress",
            "module.vpc.aws_route.private_nat_gateway",
            "module.vpc.aws_route.public_internet_gateway",
            "module.vpc.aws_route.public_internet_gateway_ipv6",
            "module.vpc.aws_route_table.database",
            "module.vpc.aws_route_table.elasticache",
            "module.vpc.aws_route_table.intra",
            "module.vpc.aws_route_table.private",
            "module.vpc.aws_route_table.public",
            "module.vpc.aws_route_table.redshift",
            "module.vpc.aws_route_table_association.database",
            "module.vpc.aws_route_table_association.elasticache",
            "module.vpc.aws_route_table_association.intra",
            "module.vpc.aws_route_table_association.outpost",
            "module.vpc.aws_route_table_association.private",
            "module.vpc.aws_route_table_association.public",
            "module.vpc.aws_route_table_association.redshift",
            "module.vpc.aws_route_table_association.redshift_public",
            "module.vpc.aws_subnet.database",
            "module.vpc.aws_subnet.elasticache",
            "module.vpc.aws_subnet.intra",
            "module.vpc.aws_subnet.outpost",
            "module.vpc.aws_subnet.private",
            "module.vpc.aws_subnet.public",
            "module.vpc.aws_subnet.redshift",
            "module.vpc.aws_vpc.this",
            "module.vpc.aws_vpc_dhcp_options.this",
            "module.vpc.aws_vpc_dhcp_options_association.this",
            "module.vpc.aws_vpc_ipv4_cidr_block_association.this",
            "module.vpc.aws_vpn_gateway.this",
            "module.vpc.aws_vpn_gateway_attachment.this",
            "module.vpc.aws_vpn_gateway_route_propagation.intra",
            "module.vpc.aws_vpn_gateway_route_propagation.private",
            "module.vpc.aws_vpn_gateway_route_propagation.public",
            "module.vpc.data.aws_iam_policy_document.flow_log_cloudwatch_assume_role",
            "module.vpc.data.aws_iam_policy_document.vpc_flow_log_cloudwatch"
          ]
        }
      ]
    },
    {
      "mode": "managed",
      "type": "aws_instance",
      "name": "windows_host",
      "provider": "provider[\"registry.terraform.io/hashicorp/aws\"]",
      "instances": [
        {
          "schema_version": 1,
          "attributes": {
            "ami": "ami-0193dcf9aa4f5654e",
            "arn": "arn:aws:ec2:us-east-1:760612056946:instance/i-0632ae3982fb563cc",
            "associate_public_ip_address": false,
            "availability_zone": "us-east-1c",
            "capacity_reservation_specification": [
              {
                "capacity_reservation_preference": "open",
                "capacity_reservation_target": []
              }
            ],
            "cpu_core_count": 1,
            "cpu_threads_per_core": 2,
            "credit_specification": [
              {
                "cpu_credits": "unlimited"
              }
            ],
            "disable_api_stop": false,
            "disable_api_termination": false,
            "ebs_block_device": [],
            "ebs_optimized": false,
            "enclave_options": [
              {
                "enabled": false
              }
            ],
            "ephemeral_block_device": [],
            "get_password_data": false,
            "hibernation": false,
            "host_id": null,
            "iam_instance_profile": "",
            "id": "i-0632ae3982fb563cc",
            "instance_initiated_shutdown_behavior": "stop",
            "instance_state": "running",
            "instance_type": "t3.medium",
            "ipv6_address_count": 0,
            "ipv6_addresses": [],
            "key_name": "caldera-nodes",
            "launch_template": [],
            "maintenance_options": [
              {
                "auto_recovery": "default"
              }
            ],
            "metadata_options": [
              {
                "http_endpoint": "enabled",
                "http_put_response_hop_limit": 1,
                "http_tokens": "optional",
                "instance_metadata_tags": "disabled"
              }
            ],
            "monitoring": false,
            "network_interface": [],
            "outpost_arn": "",
            "password_data": "",
            "placement_group": "",
            "placement_partition_number": null,
            "primary_network_interface_id": "eni-043f8733ca30343c6",
            "private_dns": "ip-172-23-64-95.ec2.internal",
            "private_dns_name_options": [
              {
                "enable_resource_name_dns_a_record": false,
                "enable_resource_name_dns_aaaa_record": false,
                "hostname_type": "ip-name"
              }
            ],
            "private_ip": "172.23.64.95",
            "public_dns": "",
            "public_ip": "",
            "root_block_device": [
              {
                "delete_on_termination": true,
                "device_name": "/dev/sda1",
                "encrypted": false,
                "iops": 100,
                "kms_key_id": "",
                "tags": {},
                "throughput": 0,
                "volume_id": "vol-0063118fab379d3ec",
                "volume_size": 30,
                "volume_type": "gp2"
              }
            ],
            "secondary_private_ips": [],
            "security_groups": [],
            "source_dest_check": true,
            "subnet_id": "subnet-067cb7d7bcafb0b63",
            "tags": {
              "Name": "windows_host",
              "environment": "caldera-test"
            },
            "tags_all": {
              "Name": "windows_host",
              "environment": "caldera-test"
            },
            "tenancy": "default",
            "timeouts": null,
            "user_data": "8d2cac9cfbb35aa92861f612274d1f1f6848e59c",
            "user_data_base64": null,
            "user_data_replace_on_change": false,
            "volume_tags": null,
            "vpc_security_group_ids": [
              "sg-055bc69e348d5d999"
            ]
          },
          "sensitive_attributes": [],
          "private": "eyJlMmJmYjczMC1lY2FhLTExZTYtOGY4OC0zNDM2M2JjN2M0YzAiOnsiY3JlYXRlIjo2MDAwMDAwMDAwMDAsImRlbGV0ZSI6MTIwMDAwMDAwMDAwMCwidXBkYXRlIjo2MDAwMDAwMDAwMDB9LCJzY2hlbWFfdmVyc2lvbiI6IjEifQ==",
          "dependencies": [
            "aws_instance.caldera_server",
            "aws_security_group.sg_caldera_windows",
            "module.aws_rsa_key.aws_key_pair.worker",
            "module.aws_rsa_key.local_file.ssh_local",
            "module.aws_rsa_key.tls_private_key.ssh_key",
            "module.vpc.aws_cloudwatch_log_group.flow_log",
            "module.vpc.aws_customer_gateway.this",
            "module.vpc.aws_db_subnet_group.database",
            "module.vpc.aws_default_network_acl.this",
            "module.vpc.aws_default_route_table.default",
            "module.vpc.aws_default_security_group.this",
            "module.vpc.aws_default_vpc.this",
            "module.vpc.aws_egress_only_internet_gateway.this",
            "module.vpc.aws_eip.nat",
            "module.vpc.aws_elasticache_subnet_group.elasticache",
            "module.vpc.aws_flow_log.this",
            "module.vpc.aws_iam_policy.vpc_flow_log_cloudwatch",
            "module.vpc.aws_iam_role.vpc_flow_log_cloudwatch",
            "module.vpc.aws_iam_role_policy_attachment.vpc_flow_log_cloudwatch",
            "module.vpc.aws_internet_gateway.this",
            "module.vpc.aws_nat_gateway.this",
            "module.vpc.aws_network_acl.database",
            "module.vpc.aws_network_acl.elasticache",
            "module.vpc.aws_network_acl.intra",
            "module.vpc.aws_network_acl.outpost",
            "module.vpc.aws_network_acl.private",
            "module.vpc.aws_network_acl.public",
            "module.vpc.aws_network_acl.redshift",
            "module.vpc.aws_network_acl_rule.database_inbound",
            "module.vpc.aws_network_acl_rule.database_outbound",
            "module.vpc.aws_network_acl_rule.elasticache_inbound",
            "module.vpc.aws_network_acl_rule.elasticache_outbound",
            "module.vpc.aws_network_acl_rule.intra_inbound",
            "module.vpc.aws_network_acl_rule.intra_outbound",
            "module.vpc.aws_network_acl_rule.outpost_inbound",
            "module.vpc.aws_network_acl_rule.outpost_outbound",
            "module.vpc.aws_network_acl_rule.private_inbound",
            "module.vpc.aws_network_acl_rule.private_outbound",
            "module.vpc.aws_network_acl_rule.public_inbound",
            "module.vpc.aws_network_acl_rule.public_outbound",
            "module.vpc.aws_network_acl_rule.redshift_inbound",
            "module.vpc.aws_network_acl_rule.redshift_outbound",
            "module.vpc.aws_redshift_subnet_group.redshift",
            "module.vpc.aws_route.database_internet_gateway",
            "module.vpc.aws_route.database_ipv6_egress",
            "module.vpc.aws_route.database_nat_gateway",
            "module.vpc.aws_route.private_ipv6_egress",
            "module.vpc.aws_route.private_nat_gateway",
            "module.vpc.aws_route.public_internet_gateway",
            "module.vpc.aws_route.public_internet_gateway_ipv6",
            "module.vpc.aws_route_table.database",
            "module.vpc.aws_route_table.elasticache",
            "module.vpc.aws_route_table.intra",
            "module.vpc.aws_route_table.private",
            "module.vpc.aws_route_table.public",
            "module.vpc.aws_route_table.redshift",
            "module.vpc.aws_route_table_association.database",
            "module.vpc.aws_route_table_association.elasticache",
            "module.vpc.aws_route_table_association.intra",
            "module.vpc.aws_route_table_association.outpost",
            "module.vpc.aws_route_table_association.private",
            "module.vpc.aws_route_table_association.public",
            "module.vpc.aws_route_table_association.redshift",
            "module.vpc.aws_route_table_association.redshift_public",
            "module.vpc.aws_subnet.database",
            "module.vpc.aws_subnet.elasticache",
            "module.vpc.aws_subnet.intra",
            "module.vpc.aws_subnet.outpost",
            "module.vpc.aws_subnet.private",
            "module.vpc.aws_subnet.public",
            "module.vpc.aws_subnet.redshift",
            "module.vpc.aws_vpc.this",
            "module.vpc.aws_vpc_dhcp_options.this",
            "module.vpc.aws_vpc_dhcp_options_association.this",
            "module.vpc.aws_vpc_ipv4_cidr_block_association.this",
            "module.vpc.aws_vpn_gateway.this",
            "module.vpc.aws_vpn_gateway_attachment.this",
            "module.vpc.aws_vpn_gateway_route_propagation.intra",
            "module.vpc.aws_vpn_gateway_route_propagation.private",
            "module.vpc.aws_vpn_gateway_route_propagation.public",
            "module.vpc.data.aws_iam_policy_document.flow_log_cloudwatch_assume_role",
            "module.vpc.data.aws_iam_policy_document.vpc_flow_log_cloudwatch"
          ]
        }
      ]
    },
    {
      "mode": "managed",
      "type": "aws_security_group",
      "name": "sg_caldera_linux",
      "provider": "provider[\"registry.terraform.io/hashicorp/aws\"]",
      "instances": [
        {
          "schema_version": 1,
          "attributes": {
            "arn": "arn:aws:ec2:us-east-1:760612056946:security-group/sg-000b3ad794064766d",
            "description": "Allow ssh access for linux host",
            "egress": [
              {
                "cidr_blocks": [
                  "0.0.0.0/0"
                ],
                "description": "",
                "from_port": 0,
                "ipv6_cidr_blocks": [],
                "prefix_list_ids": [],
                "protocol": "-1",
                "security_groups": [],
                "self": false,
                "to_port": 0
              }
            ],
            "id": "sg-000b3ad794064766d",
            "ingress": [
              {
                "cidr_blocks": [
                  "172.23.0.0/16"
                ],
                "description": "SSH port",
                "from_port": 22,
                "ipv6_cidr_blocks": [],
                "prefix_list_ids": [],
                "protocol": "tcp",
                "security_groups": [],
                "self": false,
                "to_port": 22
              }
            ],
            "name": "sg_caldera_linux",
            "name_prefix": "",
            "owner_id": "760612056946",
            "revoke_rules_on_delete": false,
            "tags": {
              "environment": "caldera-test"
            },
            "tags_all": {
              "environment": "caldera-test"
            },
            "timeouts": null,
            "vpc_id": "vpc-00990d6997d8bcc18"
          },
          "sensitive_attributes": [],
          "private": "eyJlMmJmYjczMC1lY2FhLTExZTYtOGY4OC0zNDM2M2JjN2M0YzAiOnsiY3JlYXRlIjo2MDAwMDAwMDAwMDAsImRlbGV0ZSI6OTAwMDAwMDAwMDAwfSwic2NoZW1hX3ZlcnNpb24iOiIxIn0=",
          "dependencies": [
            "module.vpc.aws_vpc.this"
          ]
        }
      ]
    },
    {
      "mode": "managed",
      "type": "aws_security_group",
      "name": "sg_caldera_server",
      "provider": "provider[\"registry.terraform.io/hashicorp/aws\"]",
      "instances": [
        {
          "schema_version": 1,
          "attributes": {
            "arn": "arn:aws:ec2:us-east-1:760612056946:security-group/sg-09a147d7efd5ef68c",
            "description": "Allow ports for caldera server",
            "egress": [
              {
                "cidr_blocks": [
                  "0.0.0.0/0"
                ],
                "description": "",
                "from_port": 0,
                "ipv6_cidr_blocks": [],
                "prefix_list_ids": [],
                "protocol": "-1",
                "security_groups": [],
                "self": false,
                "to_port": 0
              }
            ],
            "id": "sg-09a147d7efd5ef68c",
            "ingress": [
              {
                "cidr_blocks": [
                  "0.0.0.0/0"
                ],
                "description": "Caldera server port",
                "from_port": 2288,
                "ipv6_cidr_blocks": [],
                "prefix_list_ids": [],
                "protocol": "tcp",
                "security_groups": [],
                "self": false,
                "to_port": 2288
              },
              {
                "cidr_blocks": [
                  "0.0.0.0/0"
                ],
                "description": "SSH from VPC",
                "from_port": 22,
                "ipv6_cidr_blocks": [],
                "prefix_list_ids": [],
                "protocol": "tcp",
                "security_groups": [],
                "self": false,
                "to_port": 22
              }
            ],
            "name": "sg_caldera_server",
            "name_prefix": "",
            "owner_id": "760612056946",
            "revoke_rules_on_delete": false,
            "tags": {
              "environment": "caldera-test"
            },
            "tags_all": {
              "environment": "caldera-test"
            },
            "timeouts": null,
            "vpc_id": "vpc-00990d6997d8bcc18"
          },
          "sensitive_attributes": [],
          "private": "eyJlMmJmYjczMC1lY2FhLTExZTYtOGY4OC0zNDM2M2JjN2M0YzAiOnsiY3JlYXRlIjo2MDAwMDAwMDAwMDAsImRlbGV0ZSI6OTAwMDAwMDAwMDAwfSwic2NoZW1hX3ZlcnNpb24iOiIxIn0=",
          "dependencies": [
            "module.vpc.aws_vpc.this"
          ]
        }
      ]
    },
    {
      "mode": "managed",
      "type": "aws_security_group",
      "name": "sg_caldera_windows",
      "provider": "provider[\"registry.terraform.io/hashicorp/aws\"]",
      "instances": [
        {
          "schema_version": 1,
          "attributes": {
            "arn": "arn:aws:ec2:us-east-1:760612056946:security-group/sg-055bc69e348d5d999",
            "description": "Allow RDP for windows host",
            "egress": [
              {
                "cidr_blocks": [
                  "0.0.0.0/0"
                ],
                "description": "",
                "from_port": 0,
                "ipv6_cidr_blocks": [],
                "prefix_list_ids": [],
                "protocol": "-1",
                "security_groups": [],
                "self": false,
                "to_port": 0
              }
            ],
            "id": "sg-055bc69e348d5d999",
            "ingress": [
              {
                "cidr_blocks": [
                  "0.0.0.0/0"
                ],
                "description": "RDP port",
                "from_port": 3389,
                "ipv6_cidr_blocks": [],
                "prefix_list_ids": [],
                "protocol": "tcp",
                "security_groups": [],
                "self": false,
                "to_port": 3389
              }
            ],
            "name": "sg_caldera_windows",
            "name_prefix": "",
            "owner_id": "760612056946",
            "revoke_rules_on_delete": false,
            "tags": {
              "environment": "caldera-test"
            },
            "tags_all": {
              "environment": "caldera-test"
            },
            "timeouts": null,
            "vpc_id": "vpc-00990d6997d8bcc18"
          },
          "sensitive_attributes": [],
          "private": "eyJlMmJmYjczMC1lY2FhLTExZTYtOGY4OC0zNDM2M2JjN2M0YzAiOnsiY3JlYXRlIjo2MDAwMDAwMDAwMDAsImRlbGV0ZSI6OTAwMDAwMDAwMDAwfSwic2NoZW1hX3ZlcnNpb24iOiIxIn0=",
          "dependencies": [
            "module.vpc.aws_vpc.this"
          ]
        }
      ]
    },
    {
      "module": "module.aws_rsa_key",
      "mode": "managed",
      "type": "aws_key_pair",
      "name": "worker",
      "provider": "provider[\"registry.terraform.io/hashicorp/aws\"]",
      "instances": [
        {
          "schema_version": 1,
          "attributes": {
            "arn": "arn:aws:ec2:us-east-1:760612056946:key-pair/caldera-nodes",
            "fingerprint": "d8:f8:13:07:0f:00:dd:b1:d5:79:4e:d6:10:85:25:4c",
            "id": "caldera-nodes",
            "key_name": "caldera-nodes",
            "key_name_prefix": "",
            "key_pair_id": "key-0526d94755e64b762",
            "key_type": "rsa",
            "public_key": "ssh-rsa AAAAB3NzaC1yc2EAAAADAQABAAACAQChU7/Fr4IzNwx1TBfC/7rNR2P45gIDC9C8gUL3IgDtxhNOnjVmXjpFW7bZA3cM4ZzODyNB/jGTuX3VNZC89jE4izRFOLmJtdCfonyoZxzlvEkSTbXcp5kNn3lS9Jyp7SbXXYT1UPTe4EjL+b3pUKTfqWqaDNvoPaoijPxdZ2xorCN83IduCz6tLO0/+uCQoTXI30ugNk2DRkmxhktA47y1KhBn6DlfmfDsdp+JUK/NSi2UZA1XoHdtIkXl1JhqAZeQlo1oKk+QXXB7TDo/ZMG2iSv+V7uQ1zD5nb0aRAcO/4x6fzrDtJZti6NFjeINRH5afcTpqKoiPHmkAxghAULG6Qv0jdbkU9SKUJfz5LCTCuPWVjoZzsd3uQgcj1agwKt8Xvjb5ZpnqrzqkeHu8wzkNKrGbsvwcYXuUgCqN9S6BIGpT2srYkJQb+A6k3B4RZpcCFiKdVKmCPNQX5F0HqtzOKesWoF9Qe5GNQ+8XUh6oTQGcOMXbKrln4RlUngxSFrepzJKnT8ZxABoSTA8ppPQ9+8ZVx7eTuDbeMhYHi27ftxDGuLUF3beJBZvRwzI64GOay4ieJbaZxmnb+700HUjCNCdCzV2wOsk2ijV0kzSS5LlNeDZJZq2C08ULspOSz0kZ8s2FbXcytgvMVzvlo/WuLvRtq8nl96Qmr+vK1r+Kw==",
            "tags": {},
            "tags_all": {}
          },
          "sensitive_attributes": [],
          "private": "eyJzY2hlbWFfdmVyc2lvbiI6IjEifQ==",
          "dependencies": [
            "module.aws_rsa_key.tls_private_key.ssh_key",
            "module.vpc.aws_cloudwatch_log_group.flow_log",
            "module.vpc.aws_customer_gateway.this",
            "module.vpc.aws_db_subnet_group.database",
            "module.vpc.aws_default_network_acl.this",
            "module.vpc.aws_default_route_table.default",
            "module.vpc.aws_default_security_group.this",
            "module.vpc.aws_default_vpc.this",
            "module.vpc.aws_egress_only_internet_gateway.this",
            "module.vpc.aws_eip.nat",
            "module.vpc.aws_elasticache_subnet_group.elasticache",
            "module.vpc.aws_flow_log.this",
            "module.vpc.aws_iam_policy.vpc_flow_log_cloudwatch",
            "module.vpc.aws_iam_role.vpc_flow_log_cloudwatch",
            "module.vpc.aws_iam_role_policy_attachment.vpc_flow_log_cloudwatch",
            "module.vpc.aws_internet_gateway.this",
            "module.vpc.aws_nat_gateway.this",
            "module.vpc.aws_network_acl.database",
            "module.vpc.aws_network_acl.elasticache",
            "module.vpc.aws_network_acl.intra",
            "module.vpc.aws_network_acl.outpost",
            "module.vpc.aws_network_acl.private",
            "module.vpc.aws_network_acl.public",
            "module.vpc.aws_network_acl.redshift",
            "module.vpc.aws_network_acl_rule.database_inbound",
            "module.vpc.aws_network_acl_rule.database_outbound",
            "module.vpc.aws_network_acl_rule.elasticache_inbound",
            "module.vpc.aws_network_acl_rule.elasticache_outbound",
            "module.vpc.aws_network_acl_rule.intra_inbound",
            "module.vpc.aws_network_acl_rule.intra_outbound",
            "module.vpc.aws_network_acl_rule.outpost_inbound",
            "module.vpc.aws_network_acl_rule.outpost_outbound",
            "module.vpc.aws_network_acl_rule.private_inbound",
            "module.vpc.aws_network_acl_rule.private_outbound",
            "module.vpc.aws_network_acl_rule.public_inbound",
            "module.vpc.aws_network_acl_rule.public_outbound",
            "module.vpc.aws_network_acl_rule.redshift_inbound",
            "module.vpc.aws_network_acl_rule.redshift_outbound",
            "module.vpc.aws_redshift_subnet_group.redshift",
            "module.vpc.aws_route.database_internet_gateway",
            "module.vpc.aws_route.database_ipv6_egress",
            "module.vpc.aws_route.database_nat_gateway",
            "module.vpc.aws_route.private_ipv6_egress",
            "module.vpc.aws_route.private_nat_gateway",
            "module.vpc.aws_route.public_internet_gateway",
            "module.vpc.aws_route.public_internet_gateway_ipv6",
            "module.vpc.aws_route_table.database",
            "module.vpc.aws_route_table.elasticache",
            "module.vpc.aws_route_table.intra",
            "module.vpc.aws_route_table.private",
            "module.vpc.aws_route_table.public",
            "module.vpc.aws_route_table.redshift",
            "module.vpc.aws_route_table_association.database",
            "module.vpc.aws_route_table_association.elasticache",
            "module.vpc.aws_route_table_association.intra",
            "module.vpc.aws_route_table_association.outpost",
            "module.vpc.aws_route_table_association.private",
            "module.vpc.aws_route_table_association.public",
            "module.vpc.aws_route_table_association.redshift",
            "module.vpc.aws_route_table_association.redshift_public",
            "module.vpc.aws_subnet.database",
            "module.vpc.aws_subnet.elasticache",
            "module.vpc.aws_subnet.intra",
            "module.vpc.aws_subnet.outpost",
            "module.vpc.aws_subnet.private",
            "module.vpc.aws_subnet.public",
            "module.vpc.aws_subnet.redshift",
            "module.vpc.aws_vpc.this",
            "module.vpc.aws_vpc_dhcp_options.this",
            "module.vpc.aws_vpc_dhcp_options_association.this",
            "module.vpc.aws_vpc_ipv4_cidr_block_association.this",
            "module.vpc.aws_vpn_gateway.this",
            "module.vpc.aws_vpn_gateway_attachment.this",
            "module.vpc.aws_vpn_gateway_route_propagation.intra",
            "module.vpc.aws_vpn_gateway_route_propagation.private",
            "module.vpc.aws_vpn_gateway_route_propagation.public",
            "module.vpc.data.aws_iam_policy_document.flow_log_cloudwatch_assume_role",
            "module.vpc.data.aws_iam_policy_document.vpc_flow_log_cloudwatch"
          ]
        }
      ]
    },
    {
      "module": "module.aws_rsa_key",
      "mode": "managed",
      "type": "tls_private_key",
      "name": "ssh_key",
      "provider": "provider[\"registry.terraform.io/hashicorp/tls\"]",
      "instances": [
        {
          "schema_version": 1,
          "attributes": {
            "algorithm": "RSA",
            "ecdsa_curve": "P224",
            "id": "4af7feda03fcbb71d425ae2e73448482e41005ba",
            "private_key_openssh": "-----BEGIN OPENSSH PRIVATE KEY-----\nb3BlbnNzaC1rZXktdjEAAAAABG5vbmUAAAAEbm9uZQAAAAAAAAABAAACFwAAAAdz\nc2gtcnNhAAAAAwEAAQAAAgEAoVO/xa+CMzcMdUwXwv+6zUdj+OYCAwvQvIFC9yIA\n7cYTTp41Zl46RVu22QN3DOGczg8jQf4xk7l91TWQvPYxOIs0RTi5ibXQn6J8qGcc\n5bxJEk213KeZDZ95UvScqe0m112E9VD03uBIy/m96VCk36lqmgzb6D2qIoz8XWds\naKwjfNyHbgs+rSztP/rgkKE1yN9LoDZNg0ZJsYZLQOO8tSoQZ+g5X5nw7HafiVCv\nzUotlGQNV6B3bSJF5dSYagGXkJaNaCpPkF1we0w6P2TBtokr/le7kNcw+Z29GkQH\nDv+Men86w7SWbYujRY3iDUR+Wn3E6aiqIjx5pAMYIQFCxukL9I3W5FPUilCX8+Sw\nkwrj1lY6Gc7Hd7kIHI9WoMCrfF742+WaZ6q86pHh7vMM5DSqxm7L8HGF7lIAqjfU\nugSBqU9rK2JCUG/gOpNweEWaXAhYinVSpgjzUF+RdB6rczinrFqBfUHuRjUPvF1I\neqE0BnDjF2yq5Z+EZVJ4MUha3qcySp0/GcQAaEkwPKaT0PfvGVce3k7g23jIWB4t\nu37cQxri1Bd23iQWb0cMyOuBjmsuIniW2mcZp2/u9NB1IwjQnQs1dsDrJNoo1dJM\n0kuS5TXg2SWatgtPFC7KTks9JGfLNhW13MrYLzFc75aP1ri70bavJ5fekJq/ryta\n/isAAAc49O5CovTuQqIAAAAHc3NoLXJzYQAAAgEAoVO/xa+CMzcMdUwXwv+6zUdj\n+OYCAwvQvIFC9yIA7cYTTp41Zl46RVu22QN3DOGczg8jQf4xk7l91TWQvPYxOIs0\nRTi5ibXQn6J8qGcc5bxJEk213KeZDZ95UvScqe0m112E9VD03uBIy/m96VCk36lq\nmgzb6D2qIoz8XWdsaKwjfNyHbgs+rSztP/rgkKE1yN9LoDZNg0ZJsYZLQOO8tSoQ\nZ+g5X5nw7HafiVCvzUotlGQNV6B3bSJF5dSYagGXkJaNaCpPkF1we0w6P2TBtokr\n/le7kNcw+Z29GkQHDv+Men86w7SWbYujRY3iDUR+Wn3E6aiqIjx5pAMYIQFCxukL\n9I3W5FPUilCX8+Swkwrj1lY6Gc7Hd7kIHI9WoMCrfF742+WaZ6q86pHh7vMM5DSq\nxm7L8HGF7lIAqjfUugSBqU9rK2JCUG/gOpNweEWaXAhYinVSpgjzUF+RdB6rczin\nrFqBfUHuRjUPvF1IeqE0BnDjF2yq5Z+EZVJ4MUha3qcySp0/GcQAaEkwPKaT0Pfv\nGVce3k7g23jIWB4tu37cQxri1Bd23iQWb0cMyOuBjmsuIniW2mcZp2/u9NB1IwjQ\nnQs1dsDrJNoo1dJM0kuS5TXg2SWatgtPFC7KTks9JGfLNhW13MrYLzFc75aP1ri7\n0bavJ5fekJq/ryta/isAAAADAQABAAACAB3z9r81fu8TYXTF1AOYh45lmuIzklwO\nbYsSVOSdo56CEEOgjDmddSQ7iw9v3UK/AOYhWWJ/V6Ud44caku0CqNDex62ygoBX\nCY0aFhsOSgc9ljOXyhRV6czltxj34b6LEZMbAfyqM0zOR7XXgLM5DeOZCPnhOVM9\nX8Fae+C7ux0UGOKt71c3L0Pn+4TNh7RSujG5g8kTTAD7o+MaFA7QOdFJJhKkw0JE\nyr6cp7JPENUE2MGccf27BXF105SAjGviL8ngqhCVCoC7WI8L8CSlCHJjtY9bqq+R\nxL4T03B1APp/6A02YirD9MoSCxZ26WmdNfiHMXBQqIYCxHL3QBugqE0Kl16JuJaR\np8iLbm55pSMQrMj88yyoJeJNywDwCXUDI71pWbM49duMpkr9uJ0C1YF1SSBgFuLB\nAvoQIqdEKW+kHpnYY2TZEfI0o+4xPprJw15NiV/MIjQ0BJ4/Uafb+yVRIjIQqI1V\npvNUWx68KpkfUioCg43HZzxZIcf4DQOrLhJrPXCYbD2qQbzy700NuklF19G0JsP1\njc12XiZhPC1IM5Z3cXR62nqsQJd7keBNvm3+0fmixNztUOgxZU0RPgwDXbSCsrSe\nnAGJ8kMubWnafS1LGt5ceUZwSoCfq9xKwoYzesLgoXQ5HjcxQK3qtAkpY+zbPo2b\nkM8yTPZrMydBAAABAGc919gdpBi0f1PU5pZl0EmUCLdBKLIBvfFoQEaekLS1v24X\nUSgb+JotYTTurjRj7U4uIs2ubi411OZ71JvAmtCxFRuAaV3B15lqbfrz6r442ND3\nswUnkDJNiSIab+mYEoizLJm184cip8b2jL2cqeDaJJEqkAf5ZbrBULhCRH6oD0o7\nDt92r1ChlBb+JRZCszUxaA3deqD28GEXWw7IqRfccErfTLk2baswbU+3LtCxyERQ\nnm5FyOS7wgaqhjSNX2Op4HtrNTqAcEfJZIkoCGQh6R+SVxEtZHfTTV8IbIu+JORW\nrFqU+uyFNW78+L4Ek7A7JfqdEJruMMFdABReLo0AAAEBANX48Vvo07xL22ak2zX7\nuJUb2I8ZZfEHB2r5MajY9z1YdoA9tj08A50mt6LodhKkhtym3+Nzofj88W/BPG1J\n9srgVXGtC/N0AJWKVky5lxKudleC+6KPVcyujFG+jrCB9SdBUpHrQ35nZCgn6DR/\n/0005UXDu2fLMKeb/ERlLwibQ2Ln3LrNjWB/LlEeoZvq2IMXkCbTRBrqU1pbHkSU\nwumO+2wNCX2gkxRfTw4b6l/tPHSVhTcKoEHcUPXlmJhIPs0GKWG1YovKCCDnlwl/\nJCOwhMWJQFt+jBYjXq5exeQZvk+Q3RVSV2pdchI8FKGIQCm73uxT3Vd3cm3Pt5Ip\ncj0AAAEBAMEDrCfZhlyo89p8kNq6TvoThxUi21loBjEqYP1/vnR/RuYnx4QoxfT5\ngnW3GbVvgvyRf65eeWRit3l1oyukbx8S+tnt+yb2eBvY8iMZl87QzEHBlcbFU3iB\npYHKqpJJG4QynLYEgtkmFXvazcdNrBkE0vlamTjGt9Jp/HTOmLbgJBNQvozXFGo/\n8FGwUo/5x8/f9gB8PeDH2KbZr64eo//S8kktZgdt0xUzbbnWiAquKUo/O14xLXnx\n/LgHCUXpSdz+95viN9yVv4XXGhQGkDLYSF1R1+txb5rvxXIE8s3VHUId8BKkuSmP\nGQe8ZDoqAqsAJ1IcfgvsXI2g2KA6wIcAAAAAAQID\n-----END OPENSSH PRIVATE KEY-----\n",
            "private_key_pem": "-----BEGIN RSA PRIVATE KEY-----\nMIIJKAIBAAKCAgEAoVO/xa+CMzcMdUwXwv+6zUdj+OYCAwvQvIFC9yIA7cYTTp41\nZl46RVu22QN3DOGczg8jQf4xk7l91TWQvPYxOIs0RTi5ibXQn6J8qGcc5bxJEk21\n3KeZDZ95UvScqe0m112E9VD03uBIy/m96VCk36lqmgzb6D2qIoz8XWdsaKwjfNyH\nbgs+rSztP/rgkKE1yN9LoDZNg0ZJsYZLQOO8tSoQZ+g5X5nw7HafiVCvzUotlGQN\nV6B3bSJF5dSYagGXkJaNaCpPkF1we0w6P2TBtokr/le7kNcw+Z29GkQHDv+Men86\nw7SWbYujRY3iDUR+Wn3E6aiqIjx5pAMYIQFCxukL9I3W5FPUilCX8+Swkwrj1lY6\nGc7Hd7kIHI9WoMCrfF742+WaZ6q86pHh7vMM5DSqxm7L8HGF7lIAqjfUugSBqU9r\nK2JCUG/gOpNweEWaXAhYinVSpgjzUF+RdB6rczinrFqBfUHuRjUPvF1IeqE0BnDj\nF2yq5Z+EZVJ4MUha3qcySp0/GcQAaEkwPKaT0PfvGVce3k7g23jIWB4tu37cQxri\n1Bd23iQWb0cMyOuBjmsuIniW2mcZp2/u9NB1IwjQnQs1dsDrJNoo1dJM0kuS5TXg\n2SWatgtPFC7KTks9JGfLNhW13MrYLzFc75aP1ri70bavJ5fekJq/ryta/isCAwEA\nAQKCAgAd8/a/NX7vE2F0xdQDmIeOZZriM5JcDm2LElTknaOeghBDoIw5nXUkO4sP\nb91CvwDmIVlif1elHeOHGpLtAqjQ3setsoKAVwmNGhYbDkoHPZYzl8oUVenM5bcY\n9+G+ixGTGwH8qjNMzke114CzOQ3jmQj54TlTPV/BWnvgu7sdFBjire9XNy9D5/uE\nzYe0UroxuYPJE0wA+6PjGhQO0DnRSSYSpMNCRMq+nKeyTxDVBNjBnHH9uwVxddOU\ngIxr4i/J4KoQlQqAu1iPC/AkpQhyY7WPW6qvkcS+E9NwdQD6f+gNNmIqw/TKEgsW\ndulpnTX4hzFwUKiGAsRy90AboKhNCpdeibiWkafIi25ueaUjEKzI/PMsqCXiTcsA\n8Al1AyO9aVmzOPXbjKZK/bidAtWBdUkgYBbiwQL6ECKnRClvpB6Z2GNk2RHyNKPu\nMT6aycNeTYlfzCI0NASeP1Gn2/slUSIyEKiNVabzVFsevCqZH1IqAoONx2c8WSHH\n+A0Dqy4Saz1wmGw9qkG88u9NDbpJRdfRtCbD9Y3Ndl4mYTwtSDOWd3F0etp6rECX\ne5HgTb5t/tH5osTc7VDoMWVNET4MA120grK0npwBifJDLm1p2n0tSxreXHlGcEqA\nn6vcSsKGM3rC4KF0OR43MUCt6rQJKWPs2z6Nm5DPMkz2azMnQQKCAQEA1fjxW+jT\nvEvbZqTbNfu4lRvYjxll8QcHavkxqNj3PVh2gD22PTwDnSa3ouh2EqSG3Kbf43Oh\n+Pzxb8E8bUn2yuBVca0L83QAlYpWTLmXEq52V4L7oo9VzK6MUb6OsIH1J0FSketD\nfmdkKCfoNH//TTTlRcO7Z8swp5v8RGUvCJtDYufcus2NYH8uUR6hm+rYgxeQJtNE\nGupTWlseRJTC6Y77bA0JfaCTFF9PDhvqX+08dJWFNwqgQdxQ9eWYmEg+zQYpYbVi\ni8oIIOeXCX8kI7CExYlAW36MFiNerl7F5Bm+T5DdFVJXal1yEjwUoYhAKbve7FPd\nV3dybc+3kilyPQKCAQEAwQOsJ9mGXKjz2nyQ2rpO+hOHFSLbWWgGMSpg/X++dH9G\n5ifHhCjF9PmCdbcZtW+C/JF/rl55ZGK3eXWjK6RvHxL62e37JvZ4G9jyIxmXztDM\nQcGVxsVTeIGlgcqqkkkbhDKctgSC2SYVe9rNx02sGQTS+VqZOMa30mn8dM6YtuAk\nE1C+jNcUaj/wUbBSj/nHz9/2AHw94MfYptmvrh6j/9LySS1mB23TFTNtudaICq4p\nSj87XjEtefH8uAcJRelJ3P73m+I33JW/hdcaFAaQMthIXVHX63Fvmu/FcgTyzdUd\nQh3wEqS5KY8ZB7xkOioCqwAnUhx+C+xcjaDYoDrAhwKCAQA6QKXk8cQDNVur3CHZ\n1ofwAD665p08Oz+nvePpJfhZeSX5z9M3ZIlPVWUVMthCRwx4Me4uDCMCmEpatG7x\nCfvoS563bfcc9m3aSGkqRjR834ZUWNKM9RzUtoh5ELnkD91gLIaAN16OoTNBQ2wS\nLu6gZFAu6BSzMzwxxWOucyWU4EA+QwVyzdc5eCZx6zbwLcV4Gwghqc6WzUiYBsp8\nvUs7LrQAPKRi0T55g2EQZEUwjHOzAanczEXI6GQaLcGXY8PFKXJGqY0EpaIE40fZ\nTAXYuYvMA4vD3PXiaQqzyhVx/hgzrSqjTWGDEaGmmTi8qU1ej0knacWOtHQwtSYy\n4pm5AoIBAQCSlOJqRRV4S0seM5misvkFjEz7LUSeKpUBQ6jy+8+9E2fZpH4uDPUB\nbXe5RDu/AZfdjfYEi3TvWtTx5ffsTe2iELz3QneJCIcAxwpkw6v5gbKNgaHombUh\ngHwcDLjrbZ/7DqDazqQ8m2KXc/zxDjjTq0k526cfajLyFlGGt9tcju52yMxdk33K\njxJIR3r8InqvkOt3ROONUNhlJk74EgcEYsRj9JlWrP4wTKVZC+a3DbsHyuugRgK+\naJs/ewB82oWg0vViqjM4T3VrBIemi7F5G64hSOWMxdI3PT6ar81hqiaVLr1Cu1xv\nhmBA8r6/OWZbTTuPbVoAXhmP6YZ6cQQDAoIBAGc919gdpBi0f1PU5pZl0EmUCLdB\nKLIBvfFoQEaekLS1v24XUSgb+JotYTTurjRj7U4uIs2ubi411OZ71JvAmtCxFRuA\naV3B15lqbfrz6r442ND3swUnkDJNiSIab+mYEoizLJm184cip8b2jL2cqeDaJJEq\nkAf5ZbrBULhCRH6oD0o7Dt92r1ChlBb+JRZCszUxaA3deqD28GEXWw7IqRfccErf\nTLk2baswbU+3LtCxyERQnm5FyOS7wgaqhjSNX2Op4HtrNTqAcEfJZIkoCGQh6R+S\nVxEtZHfTTV8IbIu+JORWrFqU+uyFNW78+L4Ek7A7JfqdEJruMMFdABReLo0=\n-----END RSA PRIVATE KEY-----\n",
            "private_key_pem_pkcs8": "-----BEGIN PRIVATE KEY-----\nMIIJQgIBADANBgkqhkiG9w0BAQEFAASCCSwwggkoAgEAAoICAQChU7/Fr4IzNwx1\nTBfC/7rNR2P45gIDC9C8gUL3IgDtxhNOnjVmXjpFW7bZA3cM4ZzODyNB/jGTuX3V\nNZC89jE4izRFOLmJtdCfonyoZxzlvEkSTbXcp5kNn3lS9Jyp7SbXXYT1UPTe4EjL\n+b3pUKTfqWqaDNvoPaoijPxdZ2xorCN83IduCz6tLO0/+uCQoTXI30ugNk2DRkmx\nhktA47y1KhBn6DlfmfDsdp+JUK/NSi2UZA1XoHdtIkXl1JhqAZeQlo1oKk+QXXB7\nTDo/ZMG2iSv+V7uQ1zD5nb0aRAcO/4x6fzrDtJZti6NFjeINRH5afcTpqKoiPHmk\nAxghAULG6Qv0jdbkU9SKUJfz5LCTCuPWVjoZzsd3uQgcj1agwKt8Xvjb5Zpnqrzq\nkeHu8wzkNKrGbsvwcYXuUgCqN9S6BIGpT2srYkJQb+A6k3B4RZpcCFiKdVKmCPNQ\nX5F0HqtzOKesWoF9Qe5GNQ+8XUh6oTQGcOMXbKrln4RlUngxSFrepzJKnT8ZxABo\nSTA8ppPQ9+8ZVx7eTuDbeMhYHi27ftxDGuLUF3beJBZvRwzI64GOay4ieJbaZxmn\nb+700HUjCNCdCzV2wOsk2ijV0kzSS5LlNeDZJZq2C08ULspOSz0kZ8s2FbXcytgv\nMVzvlo/WuLvRtq8nl96Qmr+vK1r+KwIDAQABAoICAB3z9r81fu8TYXTF1AOYh45l\nmuIzklwObYsSVOSdo56CEEOgjDmddSQ7iw9v3UK/AOYhWWJ/V6Ud44caku0CqNDe\nx62ygoBXCY0aFhsOSgc9ljOXyhRV6czltxj34b6LEZMbAfyqM0zOR7XXgLM5DeOZ\nCPnhOVM9X8Fae+C7ux0UGOKt71c3L0Pn+4TNh7RSujG5g8kTTAD7o+MaFA7QOdFJ\nJhKkw0JEyr6cp7JPENUE2MGccf27BXF105SAjGviL8ngqhCVCoC7WI8L8CSlCHJj\ntY9bqq+RxL4T03B1APp/6A02YirD9MoSCxZ26WmdNfiHMXBQqIYCxHL3QBugqE0K\nl16JuJaRp8iLbm55pSMQrMj88yyoJeJNywDwCXUDI71pWbM49duMpkr9uJ0C1YF1\nSSBgFuLBAvoQIqdEKW+kHpnYY2TZEfI0o+4xPprJw15NiV/MIjQ0BJ4/Uafb+yVR\nIjIQqI1VpvNUWx68KpkfUioCg43HZzxZIcf4DQOrLhJrPXCYbD2qQbzy700NuklF\n19G0JsP1jc12XiZhPC1IM5Z3cXR62nqsQJd7keBNvm3+0fmixNztUOgxZU0RPgwD\nXbSCsrSenAGJ8kMubWnafS1LGt5ceUZwSoCfq9xKwoYzesLgoXQ5HjcxQK3qtAkp\nY+zbPo2bkM8yTPZrMydBAoIBAQDV+PFb6NO8S9tmpNs1+7iVG9iPGWXxBwdq+TGo\n2Pc9WHaAPbY9PAOdJrei6HYSpIbcpt/jc6H4/PFvwTxtSfbK4FVxrQvzdACVilZM\nuZcSrnZXgvuij1XMroxRvo6wgfUnQVKR60N+Z2QoJ+g0f/9NNOVFw7tnyzCnm/xE\nZS8Im0Ni59y6zY1gfy5RHqGb6tiDF5Am00Qa6lNaWx5ElMLpjvtsDQl9oJMUX08O\nG+pf7Tx0lYU3CqBB3FD15ZiYSD7NBilhtWKLyggg55cJfyQjsITFiUBbfowWI16u\nXsXkGb5PkN0VUldqXXISPBShiEApu97sU91Xd3Jtz7eSKXI9AoIBAQDBA6wn2YZc\nqPPafJDauk76E4cVIttZaAYxKmD9f750f0bmJ8eEKMX0+YJ1txm1b4L8kX+uXnlk\nYrd5daMrpG8fEvrZ7fsm9ngb2PIjGZfO0MxBwZXGxVN4gaWByqqSSRuEMpy2BILZ\nJhV72s3HTawZBNL5Wpk4xrfSafx0zpi24CQTUL6M1xRqP/BRsFKP+cfP3/YAfD3g\nx9im2a+uHqP/0vJJLWYHbdMVM2251ogKrilKPzteMS158fy4BwlF6Unc/veb4jfc\nlb+F1xoUBpAy2EhdUdfrcW+a78VyBPLN1R1CHfASpLkpjxkHvGQ6KgKrACdSHH4L\n7FyNoNigOsCHAoIBADpApeTxxAM1W6vcIdnWh/AAPrrmnTw7P6e94+kl+Fl5JfnP\n0zdkiU9VZRUy2EJHDHgx7i4MIwKYSlq0bvEJ++hLnrdt9xz2bdpIaSpGNHzfhlRY\n0oz1HNS2iHkQueQP3WAshoA3Xo6hM0FDbBIu7qBkUC7oFLMzPDHFY65zJZTgQD5D\nBXLN1zl4JnHrNvAtxXgbCCGpzpbNSJgGyny9SzsutAA8pGLRPnmDYRBkRTCMc7MB\nqdzMRcjoZBotwZdjw8UpckapjQSlogTjR9lMBdi5i8wDi8Pc9eJpCrPKFXH+GDOt\nKqNNYYMRoaaZOLypTV6PSSdpxY60dDC1JjLimbkCggEBAJKU4mpFFXhLSx4zmaKy\n+QWMTPstRJ4qlQFDqPL7z70TZ9mkfi4M9QFtd7lEO78Bl92N9gSLdO9a1PHl9+xN\n7aIQvPdCd4kIhwDHCmTDq/mBso2BoeiZtSGAfBwMuOttn/sOoNrOpDybYpdz/PEO\nONOrSTnbpx9qMvIWUYa321yO7nbIzF2TfcqPEkhHevwieq+Q63dE441Q2GUmTvgS\nBwRixGP0mVas/jBMpVkL5rcNuwfK66BGAr5omz97AHzahaDS9WKqMzhPdWsEh6aL\nsXkbriFI5YzF0jc9PpqvzWGqJpUuvUK7XG+GYEDyvr85ZltNO49tWgBeGY/phnpx\nBAMCggEAZz3X2B2kGLR/U9TmlmXQSZQIt0EosgG98WhARp6QtLW/bhdRKBv4mi1h\nNO6uNGPtTi4iza5uLjXU5nvUm8Ca0LEVG4BpXcHXmWpt+vPqvjjY0PezBSeQMk2J\nIhpv6ZgSiLMsmbXzhyKnxvaMvZyp4NokkSqQB/llusFQuEJEfqgPSjsO33avUKGU\nFv4lFkKzNTFoDd16oPbwYRdbDsipF9xwSt9MuTZtqzBtT7cu0LHIRFCebkXI5LvC\nBqqGNI1fY6nge2s1OoBwR8lkiSgIZCHpH5JXES1kd9NNXwhsi74k5FasWpT67IU1\nbvz4vgSTsDsl+p0Qmu4wwV0AFF4ujQ==\n-----END PRIVATE KEY-----\n",
            "public_key_fingerprint_md5": "72:1b:dd:de:39:e0:ec:ed:4a:26:40:0f:09:4f:7d:22",
            "public_key_fingerprint_sha256": "SHA256:4h8DRMDSNRem3BMfH+gfMBUEACImtkMxIPeuDT2VpNY",
            "public_key_openssh": "ssh-rsa AAAAB3NzaC1yc2EAAAADAQABAAACAQChU7/Fr4IzNwx1TBfC/7rNR2P45gIDC9C8gUL3IgDtxhNOnjVmXjpFW7bZA3cM4ZzODyNB/jGTuX3VNZC89jE4izRFOLmJtdCfonyoZxzlvEkSTbXcp5kNn3lS9Jyp7SbXXYT1UPTe4EjL+b3pUKTfqWqaDNvoPaoijPxdZ2xorCN83IduCz6tLO0/+uCQoTXI30ugNk2DRkmxhktA47y1KhBn6DlfmfDsdp+JUK/NSi2UZA1XoHdtIkXl1JhqAZeQlo1oKk+QXXB7TDo/ZMG2iSv+V7uQ1zD5nb0aRAcO/4x6fzrDtJZti6NFjeINRH5afcTpqKoiPHmkAxghAULG6Qv0jdbkU9SKUJfz5LCTCuPWVjoZzsd3uQgcj1agwKt8Xvjb5ZpnqrzqkeHu8wzkNKrGbsvwcYXuUgCqN9S6BIGpT2srYkJQb+A6k3B4RZpcCFiKdVKmCPNQX5F0HqtzOKesWoF9Qe5GNQ+8XUh6oTQGcOMXbKrln4RlUngxSFrepzJKnT8ZxABoSTA8ppPQ9+8ZVx7eTuDbeMhYHi27ftxDGuLUF3beJBZvRwzI64GOay4ieJbaZxmnb+700HUjCNCdCzV2wOsk2ijV0kzSS5LlNeDZJZq2C08ULspOSz0kZ8s2FbXcytgvMVzvlo/WuLvRtq8nl96Qmr+vK1r+Kw==\n",
            "public_key_pem": "-----BEGIN PUBLIC KEY-----\nMIICIjANBgkqhkiG9w0BAQEFAAOCAg8AMIICCgKCAgEAoVO/xa+CMzcMdUwXwv+6\nzUdj+OYCAwvQvIFC9yIA7cYTTp41Zl46RVu22QN3DOGczg8jQf4xk7l91TWQvPYx\nOIs0RTi5ibXQn6J8qGcc5bxJEk213KeZDZ95UvScqe0m112E9VD03uBIy/m96VCk\n36lqmgzb6D2qIoz8XWdsaKwjfNyHbgs+rSztP/rgkKE1yN9LoDZNg0ZJsYZLQOO8\ntSoQZ+g5X5nw7HafiVCvzUotlGQNV6B3bSJF5dSYagGXkJaNaCpPkF1we0w6P2TB\ntokr/le7kNcw+Z29GkQHDv+Men86w7SWbYujRY3iDUR+Wn3E6aiqIjx5pAMYIQFC\nxukL9I3W5FPUilCX8+Swkwrj1lY6Gc7Hd7kIHI9WoMCrfF742+WaZ6q86pHh7vMM\n5DSqxm7L8HGF7lIAqjfUugSBqU9rK2JCUG/gOpNweEWaXAhYinVSpgjzUF+RdB6r\nczinrFqBfUHuRjUPvF1IeqE0BnDjF2yq5Z+EZVJ4MUha3qcySp0/GcQAaEkwPKaT\n0PfvGVce3k7g23jIWB4tu37cQxri1Bd23iQWb0cMyOuBjmsuIniW2mcZp2/u9NB1\nIwjQnQs1dsDrJNoo1dJM0kuS5TXg2SWatgtPFC7KTks9JGfLNhW13MrYLzFc75aP\n1ri70bavJ5fekJq/ryta/isCAwEAAQ==\n-----END PUBLIC KEY-----\n",
            "rsa_bits": 4096
          },
          "sensitive_attributes": [],
          "dependencies": [
            "module.vpc.aws_cloudwatch_log_group.flow_log",
            "module.vpc.aws_customer_gateway.this",
            "module.vpc.aws_db_subnet_group.database",
            "module.vpc.aws_default_network_acl.this",
            "module.vpc.aws_default_route_table.default",
            "module.vpc.aws_default_security_group.this",
            "module.vpc.aws_default_vpc.this",
            "module.vpc.aws_egress_only_internet_gateway.this",
            "module.vpc.aws_eip.nat",
            "module.vpc.aws_elasticache_subnet_group.elasticache",
            "module.vpc.aws_flow_log.this",
            "module.vpc.aws_iam_policy.vpc_flow_log_cloudwatch",
            "module.vpc.aws_iam_role.vpc_flow_log_cloudwatch",
            "module.vpc.aws_iam_role_policy_attachment.vpc_flow_log_cloudwatch",
            "module.vpc.aws_internet_gateway.this",
            "module.vpc.aws_nat_gateway.this",
            "module.vpc.aws_network_acl.database",
            "module.vpc.aws_network_acl.elasticache",
            "module.vpc.aws_network_acl.intra",
            "module.vpc.aws_network_acl.outpost",
            "module.vpc.aws_network_acl.private",
            "module.vpc.aws_network_acl.public",
            "module.vpc.aws_network_acl.redshift",
            "module.vpc.aws_network_acl_rule.database_inbound",
            "module.vpc.aws_network_acl_rule.database_outbound",
            "module.vpc.aws_network_acl_rule.elasticache_inbound",
            "module.vpc.aws_network_acl_rule.elasticache_outbound",
            "module.vpc.aws_network_acl_rule.intra_inbound",
            "module.vpc.aws_network_acl_rule.intra_outbound",
            "module.vpc.aws_network_acl_rule.outpost_inbound",
            "module.vpc.aws_network_acl_rule.outpost_outbound",
            "module.vpc.aws_network_acl_rule.private_inbound",
            "module.vpc.aws_network_acl_rule.private_outbound",
            "module.vpc.aws_network_acl_rule.public_inbound",
            "module.vpc.aws_network_acl_rule.public_outbound",
            "module.vpc.aws_network_acl_rule.redshift_inbound",
            "module.vpc.aws_network_acl_rule.redshift_outbound",
            "module.vpc.aws_redshift_subnet_group.redshift",
            "module.vpc.aws_route.database_internet_gateway",
            "module.vpc.aws_route.database_ipv6_egress",
            "module.vpc.aws_route.database_nat_gateway",
            "module.vpc.aws_route.private_ipv6_egress",
            "module.vpc.aws_route.private_nat_gateway",
            "module.vpc.aws_route.public_internet_gateway",
            "module.vpc.aws_route.public_internet_gateway_ipv6",
            "module.vpc.aws_route_table.database",
            "module.vpc.aws_route_table.elasticache",
            "module.vpc.aws_route_table.intra",
            "module.vpc.aws_route_table.private",
            "module.vpc.aws_route_table.public",
            "module.vpc.aws_route_table.redshift",
            "module.vpc.aws_route_table_association.database",
            "module.vpc.aws_route_table_association.elasticache",
            "module.vpc.aws_route_table_association.intra",
            "module.vpc.aws_route_table_association.outpost",
            "module.vpc.aws_route_table_association.private",
            "module.vpc.aws_route_table_association.public",
            "module.vpc.aws_route_table_association.redshift",
            "module.vpc.aws_route_table_association.redshift_public",
            "module.vpc.aws_subnet.database",
            "module.vpc.aws_subnet.elasticache",
            "module.vpc.aws_subnet.intra",
            "module.vpc.aws_subnet.outpost",
            "module.vpc.aws_subnet.private",
            "module.vpc.aws_subnet.public",
            "module.vpc.aws_subnet.redshift",
            "module.vpc.aws_vpc.this",
            "module.vpc.aws_vpc_dhcp_options.this",
            "module.vpc.aws_vpc_dhcp_options_association.this",
            "module.vpc.aws_vpc_ipv4_cidr_block_association.this",
            "module.vpc.aws_vpn_gateway.this",
            "module.vpc.aws_vpn_gateway_attachment.this",
            "module.vpc.aws_vpn_gateway_route_propagation.intra",
            "module.vpc.aws_vpn_gateway_route_propagation.private",
            "module.vpc.aws_vpn_gateway_route_propagation.public",
            "module.vpc.data.aws_iam_policy_document.flow_log_cloudwatch_assume_role",
            "module.vpc.data.aws_iam_policy_document.vpc_flow_log_cloudwatch"
          ]
        }
      ]
    },
    {
      "module": "module.vpc",
      "mode": "managed",
      "type": "aws_eip",
      "name": "nat",
      "provider": "provider[\"registry.terraform.io/hashicorp/aws\"]",
      "instances": [
        {
          "index_key": 0,
          "schema_version": 0,
          "attributes": {
            "address": null,
            "allocation_id": "eipalloc-08ff9ef32b86465db",
            "associate_with_private_ip": null,
            "association_id": "eipassoc-0fb6017131890c0b8",
            "carrier_ip": "",
            "customer_owned_ip": "",
            "customer_owned_ipv4_pool": "",
            "domain": "vpc",
            "id": "eipalloc-08ff9ef32b86465db",
            "instance": "",
            "network_border_group": "us-east-1",
            "network_interface": "eni-0c8f050859cdee14a",
            "private_dns": "ip-172-23-5-14.ec2.internal",
            "private_ip": "172.23.5.14",
            "public_dns": "ec2-54-86-51-11.compute-1.amazonaws.com",
            "public_ip": "54.86.51.11",
            "public_ipv4_pool": "amazon",
            "tags": {
              "Name": "VPC-us-east-1a"
            },
            "tags_all": {
              "Name": "VPC-us-east-1a"
            },
            "timeouts": null,
            "vpc": true
          },
          "sensitive_attributes": [],
          "private": "eyJlMmJmYjczMC1lY2FhLTExZTYtOGY4OC0zNDM2M2JjN2M0YzAiOnsiZGVsZXRlIjoxODAwMDAwMDAwMDAsInJlYWQiOjkwMDAwMDAwMDAwMCwidXBkYXRlIjozMDAwMDAwMDAwMDB9fQ=="
        }
      ]
    },
    {
      "module": "module.vpc",
      "mode": "managed",
      "type": "aws_internet_gateway",
      "name": "this",
      "provider": "provider[\"registry.terraform.io/hashicorp/aws\"]",
      "instances": [
        {
          "index_key": 0,
          "schema_version": 0,
          "attributes": {
            "arn": "arn:aws:ec2:us-east-1:760612056946:internet-gateway/igw-05f0daa666b94e813",
            "id": "igw-05f0daa666b94e813",
            "owner_id": "760612056946",
            "tags": {
              "Name": "VPC"
            },
            "tags_all": {
              "Name": "VPC"
            },
            "timeouts": null,
            "vpc_id": "vpc-00990d6997d8bcc18"
          },
          "sensitive_attributes": [],
          "private": "eyJlMmJmYjczMC1lY2FhLTExZTYtOGY4OC0zNDM2M2JjN2M0YzAiOnsiY3JlYXRlIjoxMjAwMDAwMDAwMDAwLCJkZWxldGUiOjEyMDAwMDAwMDAwMDAsInVwZGF0ZSI6MTIwMDAwMDAwMDAwMH19",
          "dependencies": [
            "module.vpc.aws_vpc.this",
            "module.vpc.aws_vpc_ipv4_cidr_block_association.this"
          ]
        }
      ]
    },
    {
      "module": "module.vpc",
      "mode": "managed",
      "type": "aws_nat_gateway",
      "name": "this",
      "provider": "provider[\"registry.terraform.io/hashicorp/aws\"]",
      "instances": [
        {
          "index_key": 0,
          "schema_version": 0,
          "attributes": {
            "allocation_id": "eipalloc-08ff9ef32b86465db",
            "connectivity_type": "public",
            "id": "nat-035f2ca14fcca2e13",
            "network_interface_id": "eni-0c8f050859cdee14a",
            "private_ip": "172.23.5.14",
            "public_ip": "54.86.51.11",
            "subnet_id": "subnet-03d826c19674624b4",
            "tags": {
              "Name": "caldera-test_natgateway"
            },
            "tags_all": {
              "Name": "caldera-test_natgateway"
            }
          },
          "sensitive_attributes": [],
          "private": "bnVsbA==",
          "dependencies": [
            "module.vpc.aws_eip.nat",
            "module.vpc.aws_internet_gateway.this",
            "module.vpc.aws_subnet.public",
            "module.vpc.aws_vpc.this",
            "module.vpc.aws_vpc_ipv4_cidr_block_association.this"
          ]
        }
      ]
    },
    {
      "module": "module.vpc",
      "mode": "managed",
      "type": "aws_route",
      "name": "private_nat_gateway",
      "provider": "provider[\"registry.terraform.io/hashicorp/aws\"]",
      "instances": [
        {
          "index_key": 0,
          "schema_version": 0,
          "attributes": {
            "carrier_gateway_id": "",
            "core_network_arn": "",
            "destination_cidr_block": "0.0.0.0/0",
            "destination_ipv6_cidr_block": "",
            "destination_prefix_list_id": "",
            "egress_only_gateway_id": "",
            "gateway_id": "",
            "id": "r-rtb-0d9186d05cb85a05c1080289494",
            "instance_id": "",
            "instance_owner_id": "",
            "local_gateway_id": "",
            "nat_gateway_id": "nat-035f2ca14fcca2e13",
            "network_interface_id": "",
            "origin": "CreateRoute",
            "route_table_id": "rtb-0d9186d05cb85a05c",
            "state": "active",
            "timeouts": {
              "create": "5m",
              "delete": null,
              "update": null
            },
            "transit_gateway_id": "",
            "vpc_endpoint_id": "",
            "vpc_peering_connection_id": ""
          },
          "sensitive_attributes": [],
          "private": "eyJlMmJmYjczMC1lY2FhLTExZTYtOGY4OC0zNDM2M2JjN2M0YzAiOnsiY3JlYXRlIjozMDAwMDAwMDAwMDAsImRlbGV0ZSI6MzAwMDAwMDAwMDAwLCJ1cGRhdGUiOjEyMDAwMDAwMDAwMH19",
          "dependencies": [
            "module.vpc.aws_eip.nat",
            "module.vpc.aws_internet_gateway.this",
            "module.vpc.aws_nat_gateway.this",
            "module.vpc.aws_route_table.private",
            "module.vpc.aws_subnet.public",
            "module.vpc.aws_vpc.this",
            "module.vpc.aws_vpc_ipv4_cidr_block_association.this"
          ]
        }
      ]
    },
    {
      "module": "module.vpc",
      "mode": "managed",
      "type": "aws_route",
      "name": "public_internet_gateway",
      "provider": "provider[\"registry.terraform.io/hashicorp/aws\"]",
      "instances": [
        {
          "index_key": 0,
          "schema_version": 0,
          "attributes": {
            "carrier_gateway_id": "",
            "core_network_arn": "",
            "destination_cidr_block": "0.0.0.0/0",
            "destination_ipv6_cidr_block": "",
            "destination_prefix_list_id": "",
            "egress_only_gateway_id": "",
            "gateway_id": "igw-05f0daa666b94e813",
            "id": "r-rtb-05a3b12f56d9d2e131080289494",
            "instance_id": "",
            "instance_owner_id": "",
            "local_gateway_id": "",
            "nat_gateway_id": "",
            "network_interface_id": "",
            "origin": "CreateRoute",
            "route_table_id": "rtb-05a3b12f56d9d2e13",
            "state": "active",
            "timeouts": {
              "create": "5m",
              "delete": null,
              "update": null
            },
            "transit_gateway_id": "",
            "vpc_endpoint_id": "",
            "vpc_peering_connection_id": ""
          },
          "sensitive_attributes": [],
          "private": "eyJlMmJmYjczMC1lY2FhLTExZTYtOGY4OC0zNDM2M2JjN2M0YzAiOnsiY3JlYXRlIjozMDAwMDAwMDAwMDAsImRlbGV0ZSI6MzAwMDAwMDAwMDAwLCJ1cGRhdGUiOjEyMDAwMDAwMDAwMH19",
          "dependencies": [
            "module.vpc.aws_internet_gateway.this",
            "module.vpc.aws_route_table.public",
            "module.vpc.aws_vpc.this",
            "module.vpc.aws_vpc_ipv4_cidr_block_association.this"
          ]
        }
      ]
    },
    {
      "module": "module.vpc",
      "mode": "managed",
      "type": "aws_route_table",
      "name": "private",
      "provider": "provider[\"registry.terraform.io/hashicorp/aws\"]",
      "instances": [
        {
          "index_key": 0,
          "schema_version": 0,
          "attributes": {
            "arn": "arn:aws:ec2:us-east-1:760612056946:route-table/rtb-0d9186d05cb85a05c",
            "id": "rtb-0d9186d05cb85a05c",
            "owner_id": "760612056946",
            "propagating_vgws": [],
            "route": [
              {
                "carrier_gateway_id": "",
                "cidr_block": "0.0.0.0/0",
                "core_network_arn": "",
                "destination_prefix_list_id": "",
                "egress_only_gateway_id": "",
                "gateway_id": "",
                "instance_id": "",
                "ipv6_cidr_block": "",
                "local_gateway_id": "",
                "nat_gateway_id": "nat-035f2ca14fcca2e13",
                "network_interface_id": "",
                "transit_gateway_id": "",
                "vpc_endpoint_id": "",
                "vpc_peering_connection_id": ""
              }
            ],
            "tags": {
              "Name": "VPC-private"
            },
            "tags_all": {
              "Name": "VPC-private"
            },
            "timeouts": null,
            "vpc_id": "vpc-00990d6997d8bcc18"
          },
          "sensitive_attributes": [],
          "private": "eyJlMmJmYjczMC1lY2FhLTExZTYtOGY4OC0zNDM2M2JjN2M0YzAiOnsiY3JlYXRlIjozMDAwMDAwMDAwMDAsImRlbGV0ZSI6MzAwMDAwMDAwMDAwLCJ1cGRhdGUiOjEyMDAwMDAwMDAwMH19",
          "dependencies": [
            "module.vpc.aws_vpc.this",
            "module.vpc.aws_vpc_ipv4_cidr_block_association.this"
          ]
        }
      ]
    },
    {
      "module": "module.vpc",
      "mode": "managed",
      "type": "aws_route_table",
      "name": "public",
      "provider": "provider[\"registry.terraform.io/hashicorp/aws\"]",
      "instances": [
        {
          "index_key": 0,
          "schema_version": 0,
          "attributes": {
            "arn": "arn:aws:ec2:us-east-1:760612056946:route-table/rtb-05a3b12f56d9d2e13",
            "id": "rtb-05a3b12f56d9d2e13",
            "owner_id": "760612056946",
            "propagating_vgws": [],
            "route": [
              {
                "carrier_gateway_id": "",
                "cidr_block": "0.0.0.0/0",
                "core_network_arn": "",
                "destination_prefix_list_id": "",
                "egress_only_gateway_id": "",
                "gateway_id": "igw-05f0daa666b94e813",
                "instance_id": "",
                "ipv6_cidr_block": "",
                "local_gateway_id": "",
                "nat_gateway_id": "",
                "network_interface_id": "",
                "transit_gateway_id": "",
                "vpc_endpoint_id": "",
                "vpc_peering_connection_id": ""
              }
            ],
            "tags": {
              "Name": "VPC-public"
            },
            "tags_all": {
              "Name": "VPC-public"
            },
            "timeouts": null,
            "vpc_id": "vpc-00990d6997d8bcc18"
          },
          "sensitive_attributes": [],
          "private": "eyJlMmJmYjczMC1lY2FhLTExZTYtOGY4OC0zNDM2M2JjN2M0YzAiOnsiY3JlYXRlIjozMDAwMDAwMDAwMDAsImRlbGV0ZSI6MzAwMDAwMDAwMDAwLCJ1cGRhdGUiOjEyMDAwMDAwMDAwMH19",
          "dependencies": [
            "module.vpc.aws_vpc.this",
            "module.vpc.aws_vpc_ipv4_cidr_block_association.this"
          ]
        }
      ]
    },
    {
      "module": "module.vpc",
      "mode": "managed",
      "type": "aws_route_table_association",
      "name": "private",
      "provider": "provider[\"registry.terraform.io/hashicorp/aws\"]",
      "instances": [
        {
          "index_key": 0,
          "schema_version": 0,
          "attributes": {
            "gateway_id": "",
            "id": "rtbassoc-0d20a14bed33d4ea1",
            "route_table_id": "rtb-0d9186d05cb85a05c",
            "subnet_id": "subnet-024758eacff43a27a"
          },
          "sensitive_attributes": [],
          "private": "bnVsbA==",
          "dependencies": [
            "module.vpc.aws_route_table.private",
            "module.vpc.aws_subnet.private",
            "module.vpc.aws_vpc.this",
            "module.vpc.aws_vpc_ipv4_cidr_block_association.this"
          ]
        },
        {
          "index_key": 1,
          "schema_version": 0,
          "attributes": {
            "gateway_id": "",
            "id": "rtbassoc-0866c5fce37e8b436",
            "route_table_id": "rtb-0d9186d05cb85a05c",
            "subnet_id": "subnet-06f40ed9735b05a45"
          },
          "sensitive_attributes": [],
          "private": "bnVsbA==",
          "dependencies": [
            "module.vpc.aws_route_table.private",
            "module.vpc.aws_subnet.private",
            "module.vpc.aws_vpc.this",
            "module.vpc.aws_vpc_ipv4_cidr_block_association.this"
          ]
        },
        {
          "index_key": 2,
          "schema_version": 0,
          "attributes": {
            "gateway_id": "",
            "id": "rtbassoc-03d411c9993623804",
            "route_table_id": "rtb-0d9186d05cb85a05c",
            "subnet_id": "subnet-067cb7d7bcafb0b63"
          },
          "sensitive_attributes": [],
          "private": "bnVsbA==",
          "dependencies": [
            "module.vpc.aws_route_table.private",
            "module.vpc.aws_subnet.private",
            "module.vpc.aws_vpc.this",
            "module.vpc.aws_vpc_ipv4_cidr_block_association.this"
          ]
        },
        {
          "index_key": 3,
          "schema_version": 0,
          "attributes": {
            "gateway_id": "",
            "id": "rtbassoc-089f633d64f0fea65",
            "route_table_id": "rtb-0d9186d05cb85a05c",
            "subnet_id": "subnet-0ce3e3a3bf1417cef"
          },
          "sensitive_attributes": [],
          "private": "bnVsbA==",
          "dependencies": [
            "module.vpc.aws_route_table.private",
            "module.vpc.aws_subnet.private",
            "module.vpc.aws_vpc.this",
            "module.vpc.aws_vpc_ipv4_cidr_block_association.this"
          ]
        },
        {
          "index_key": 4,
          "schema_version": 0,
          "attributes": {
            "gateway_id": "",
            "id": "rtbassoc-0c6f2ad631ebdf7fc",
            "route_table_id": "rtb-0d9186d05cb85a05c",
            "subnet_id": "subnet-0ad46f248f97ef894"
          },
          "sensitive_attributes": [],
          "private": "bnVsbA==",
          "dependencies": [
            "module.vpc.aws_route_table.private",
            "module.vpc.aws_subnet.private",
            "module.vpc.aws_vpc.this",
            "module.vpc.aws_vpc_ipv4_cidr_block_association.this"
          ]
        }
      ]
    },
    {
      "module": "module.vpc",
      "mode": "managed",
      "type": "aws_route_table_association",
      "name": "public",
      "provider": "provider[\"registry.terraform.io/hashicorp/aws\"]",
      "instances": [
        {
          "index_key": 0,
          "schema_version": 0,
          "attributes": {
            "gateway_id": "",
            "id": "rtbassoc-0684de18b1ad1bb02",
            "route_table_id": "rtb-05a3b12f56d9d2e13",
            "subnet_id": "subnet-03d826c19674624b4"
          },
          "sensitive_attributes": [],
          "private": "bnVsbA==",
          "dependencies": [
            "module.vpc.aws_route_table.public",
            "module.vpc.aws_subnet.public",
            "module.vpc.aws_vpc.this",
            "module.vpc.aws_vpc_ipv4_cidr_block_association.this"
          ]
        },
        {
          "index_key": 1,
          "schema_version": 0,
          "attributes": {
            "gateway_id": "",
            "id": "rtbassoc-0d6bf8d9947dd10d5",
            "route_table_id": "rtb-05a3b12f56d9d2e13",
            "subnet_id": "subnet-0f4d084adcbd0721b"
          },
          "sensitive_attributes": [],
          "private": "bnVsbA==",
          "dependencies": [
            "module.vpc.aws_route_table.public",
            "module.vpc.aws_subnet.public",
            "module.vpc.aws_vpc.this",
            "module.vpc.aws_vpc_ipv4_cidr_block_association.this"
          ]
        },
        {
          "index_key": 2,
          "schema_version": 0,
          "attributes": {
            "gateway_id": "",
            "id": "rtbassoc-07f09220663e08268",
            "route_table_id": "rtb-05a3b12f56d9d2e13",
            "subnet_id": "subnet-0bf9fe5901acf3fe0"
          },
          "sensitive_attributes": [],
          "private": "bnVsbA==",
          "dependencies": [
            "module.vpc.aws_route_table.public",
            "module.vpc.aws_subnet.public",
            "module.vpc.aws_vpc.this",
            "module.vpc.aws_vpc_ipv4_cidr_block_association.this"
          ]
        },
        {
          "index_key": 3,
          "schema_version": 0,
          "attributes": {
            "gateway_id": "",
            "id": "rtbassoc-006d1161b9bb7261c",
            "route_table_id": "rtb-05a3b12f56d9d2e13",
            "subnet_id": "subnet-0b1224f7e257567e0"
          },
          "sensitive_attributes": [],
          "private": "bnVsbA==",
          "dependencies": [
            "module.vpc.aws_route_table.public",
            "module.vpc.aws_subnet.public",
            "module.vpc.aws_vpc.this",
            "module.vpc.aws_vpc_ipv4_cidr_block_association.this"
          ]
        },
        {
          "index_key": 4,
          "schema_version": 0,
          "attributes": {
            "gateway_id": "",
            "id": "rtbassoc-014677876f93bc440",
            "route_table_id": "rtb-05a3b12f56d9d2e13",
            "subnet_id": "subnet-0c832dbc012c5841c"
          },
          "sensitive_attributes": [],
          "private": "bnVsbA==",
          "dependencies": [
            "module.vpc.aws_route_table.public",
            "module.vpc.aws_subnet.public",
            "module.vpc.aws_vpc.this",
            "module.vpc.aws_vpc_ipv4_cidr_block_association.this"
          ]
        }
      ]
    },
    {
      "module": "module.vpc",
      "mode": "managed",
      "type": "aws_subnet",
      "name": "private",
      "provider": "provider[\"registry.terraform.io/hashicorp/aws\"]",
      "instances": [
        {
          "index_key": 0,
          "schema_version": 1,
          "attributes": {
            "arn": "arn:aws:ec2:us-east-1:760612056946:subnet/subnet-024758eacff43a27a",
            "assign_ipv6_address_on_creation": false,
            "availability_zone": "us-east-1a",
            "availability_zone_id": "use1-az1",
            "cidr_block": "172.23.0.0/22",
            "customer_owned_ipv4_pool": "",
            "enable_dns64": false,
            "enable_resource_name_dns_a_record_on_launch": false,
            "enable_resource_name_dns_aaaa_record_on_launch": false,
            "id": "subnet-024758eacff43a27a",
            "ipv6_cidr_block": "",
            "ipv6_cidr_block_association_id": "",
            "ipv6_native": false,
            "map_customer_owned_ip_on_launch": false,
            "map_public_ip_on_launch": false,
            "outpost_arn": "",
            "owner_id": "760612056946",
            "private_dns_hostname_type_on_launch": "ip-name",
            "tags": {
              "Name": "caldera-test_private"
            },
            "tags_all": {
              "Name": "caldera-test_private"
            },
            "timeouts": null,
            "vpc_id": "vpc-00990d6997d8bcc18"
          },
          "sensitive_attributes": [],
          "private": "eyJlMmJmYjczMC1lY2FhLTExZTYtOGY4OC0zNDM2M2JjN2M0YzAiOnsiY3JlYXRlIjo2MDAwMDAwMDAwMDAsImRlbGV0ZSI6MTIwMDAwMDAwMDAwMH0sInNjaGVtYV92ZXJzaW9uIjoiMSJ9",
          "dependencies": [
            "module.vpc.aws_vpc.this",
            "module.vpc.aws_vpc_ipv4_cidr_block_association.this"
          ]
        },
        {
          "index_key": 1,
          "schema_version": 1,
          "attributes": {
            "arn": "arn:aws:ec2:us-east-1:760612056946:subnet/subnet-06f40ed9735b05a45",
            "assign_ipv6_address_on_creation": false,
            "availability_zone": "us-east-1b",
            "availability_zone_id": "use1-az2",
            "cidr_block": "172.23.32.0/22",
            "customer_owned_ipv4_pool": "",
            "enable_dns64": false,
            "enable_resource_name_dns_a_record_on_launch": false,
            "enable_resource_name_dns_aaaa_record_on_launch": false,
            "id": "subnet-06f40ed9735b05a45",
            "ipv6_cidr_block": "",
            "ipv6_cidr_block_association_id": "",
            "ipv6_native": false,
            "map_customer_owned_ip_on_launch": false,
            "map_public_ip_on_launch": false,
            "outpost_arn": "",
            "owner_id": "760612056946",
            "private_dns_hostname_type_on_launch": "ip-name",
            "tags": {
              "Name": "caldera-test_private"
            },
            "tags_all": {
              "Name": "caldera-test_private"
            },
            "timeouts": null,
            "vpc_id": "vpc-00990d6997d8bcc18"
          },
          "sensitive_attributes": [],
          "private": "eyJlMmJmYjczMC1lY2FhLTExZTYtOGY4OC0zNDM2M2JjN2M0YzAiOnsiY3JlYXRlIjo2MDAwMDAwMDAwMDAsImRlbGV0ZSI6MTIwMDAwMDAwMDAwMH0sInNjaGVtYV92ZXJzaW9uIjoiMSJ9",
          "dependencies": [
            "module.vpc.aws_vpc.this",
            "module.vpc.aws_vpc_ipv4_cidr_block_association.this"
          ]
        },
        {
          "index_key": 2,
          "schema_version": 1,
          "attributes": {
            "arn": "arn:aws:ec2:us-east-1:760612056946:subnet/subnet-067cb7d7bcafb0b63",
            "assign_ipv6_address_on_creation": false,
            "availability_zone": "us-east-1c",
            "availability_zone_id": "use1-az4",
            "cidr_block": "172.23.64.0/22",
            "customer_owned_ipv4_pool": "",
            "enable_dns64": false,
            "enable_resource_name_dns_a_record_on_launch": false,
            "enable_resource_name_dns_aaaa_record_on_launch": false,
            "id": "subnet-067cb7d7bcafb0b63",
            "ipv6_cidr_block": "",
            "ipv6_cidr_block_association_id": "",
            "ipv6_native": false,
            "map_customer_owned_ip_on_launch": false,
            "map_public_ip_on_launch": false,
            "outpost_arn": "",
            "owner_id": "760612056946",
            "private_dns_hostname_type_on_launch": "ip-name",
            "tags": {
              "Name": "caldera-test_private"
            },
            "tags_all": {
              "Name": "caldera-test_private"
            },
            "timeouts": null,
            "vpc_id": "vpc-00990d6997d8bcc18"
          },
          "sensitive_attributes": [],
          "private": "eyJlMmJmYjczMC1lY2FhLTExZTYtOGY4OC0zNDM2M2JjN2M0YzAiOnsiY3JlYXRlIjo2MDAwMDAwMDAwMDAsImRlbGV0ZSI6MTIwMDAwMDAwMDAwMH0sInNjaGVtYV92ZXJzaW9uIjoiMSJ9",
          "dependencies": [
            "module.vpc.aws_vpc.this",
            "module.vpc.aws_vpc_ipv4_cidr_block_association.this"
          ]
        },
        {
          "index_key": 3,
          "schema_version": 1,
          "attributes": {
            "arn": "arn:aws:ec2:us-east-1:760612056946:subnet/subnet-0ce3e3a3bf1417cef",
            "assign_ipv6_address_on_creation": false,
            "availability_zone": "us-east-1d",
            "availability_zone_id": "use1-az6",
            "cidr_block": "172.23.96.0/22",
            "customer_owned_ipv4_pool": "",
            "enable_dns64": false,
            "enable_resource_name_dns_a_record_on_launch": false,
            "enable_resource_name_dns_aaaa_record_on_launch": false,
            "id": "subnet-0ce3e3a3bf1417cef",
            "ipv6_cidr_block": "",
            "ipv6_cidr_block_association_id": "",
            "ipv6_native": false,
            "map_customer_owned_ip_on_launch": false,
            "map_public_ip_on_launch": false,
            "outpost_arn": "",
            "owner_id": "760612056946",
            "private_dns_hostname_type_on_launch": "ip-name",
            "tags": {
              "Name": "caldera-test_private"
            },
            "tags_all": {
              "Name": "caldera-test_private"
            },
            "timeouts": null,
            "vpc_id": "vpc-00990d6997d8bcc18"
          },
          "sensitive_attributes": [],
          "private": "eyJlMmJmYjczMC1lY2FhLTExZTYtOGY4OC0zNDM2M2JjN2M0YzAiOnsiY3JlYXRlIjo2MDAwMDAwMDAwMDAsImRlbGV0ZSI6MTIwMDAwMDAwMDAwMH0sInNjaGVtYV92ZXJzaW9uIjoiMSJ9",
          "dependencies": [
            "module.vpc.aws_vpc.this",
            "module.vpc.aws_vpc_ipv4_cidr_block_association.this"
          ]
        },
        {
          "index_key": 4,
          "schema_version": 1,
          "attributes": {
            "arn": "arn:aws:ec2:us-east-1:760612056946:subnet/subnet-0ad46f248f97ef894",
            "assign_ipv6_address_on_creation": false,
            "availability_zone": "us-east-1f",
            "availability_zone_id": "use1-az5",
            "cidr_block": "172.23.160.0/22",
            "customer_owned_ipv4_pool": "",
            "enable_dns64": false,
            "enable_resource_name_dns_a_record_on_launch": false,
            "enable_resource_name_dns_aaaa_record_on_launch": false,
            "id": "subnet-0ad46f248f97ef894",
            "ipv6_cidr_block": "",
            "ipv6_cidr_block_association_id": "",
            "ipv6_native": false,
            "map_customer_owned_ip_on_launch": false,
            "map_public_ip_on_launch": false,
            "outpost_arn": "",
            "owner_id": "760612056946",
            "private_dns_hostname_type_on_launch": "ip-name",
            "tags": {
              "Name": "caldera-test_private"
            },
            "tags_all": {
              "Name": "caldera-test_private"
            },
            "timeouts": null,
            "vpc_id": "vpc-00990d6997d8bcc18"
          },
          "sensitive_attributes": [],
          "private": "eyJlMmJmYjczMC1lY2FhLTExZTYtOGY4OC0zNDM2M2JjN2M0YzAiOnsiY3JlYXRlIjo2MDAwMDAwMDAwMDAsImRlbGV0ZSI6MTIwMDAwMDAwMDAwMH0sInNjaGVtYV92ZXJzaW9uIjoiMSJ9",
          "dependencies": [
            "module.vpc.aws_vpc.this",
            "module.vpc.aws_vpc_ipv4_cidr_block_association.this"
          ]
        }
      ]
    },
    {
      "module": "module.vpc",
      "mode": "managed",
      "type": "aws_subnet",
      "name": "public",
      "provider": "provider[\"registry.terraform.io/hashicorp/aws\"]",
      "instances": [
        {
          "index_key": 0,
          "schema_version": 1,
          "attributes": {
            "arn": "arn:aws:ec2:us-east-1:760612056946:subnet/subnet-03d826c19674624b4",
            "assign_ipv6_address_on_creation": false,
            "availability_zone": "us-east-1a",
            "availability_zone_id": "use1-az1",
            "cidr_block": "172.23.4.0/22",
            "customer_owned_ipv4_pool": "",
            "enable_dns64": false,
            "enable_resource_name_dns_a_record_on_launch": false,
            "enable_resource_name_dns_aaaa_record_on_launch": false,
            "id": "subnet-03d826c19674624b4",
            "ipv6_cidr_block": "",
            "ipv6_cidr_block_association_id": "",
            "ipv6_native": false,
            "map_customer_owned_ip_on_launch": false,
            "map_public_ip_on_launch": true,
            "outpost_arn": "",
            "owner_id": "760612056946",
            "private_dns_hostname_type_on_launch": "ip-name",
            "tags": {
              "Name": "caldera-test_public"
            },
            "tags_all": {
              "Name": "caldera-test_public"
            },
            "timeouts": null,
            "vpc_id": "vpc-00990d6997d8bcc18"
          },
          "sensitive_attributes": [],
          "private": "eyJlMmJmYjczMC1lY2FhLTExZTYtOGY4OC0zNDM2M2JjN2M0YzAiOnsiY3JlYXRlIjo2MDAwMDAwMDAwMDAsImRlbGV0ZSI6MTIwMDAwMDAwMDAwMH0sInNjaGVtYV92ZXJzaW9uIjoiMSJ9",
          "dependencies": [
            "module.vpc.aws_vpc.this",
            "module.vpc.aws_vpc_ipv4_cidr_block_association.this"
          ]
        },
        {
          "index_key": 1,
          "schema_version": 1,
          "attributes": {
            "arn": "arn:aws:ec2:us-east-1:760612056946:subnet/subnet-0f4d084adcbd0721b",
            "assign_ipv6_address_on_creation": false,
            "availability_zone": "us-east-1b",
            "availability_zone_id": "use1-az2",
            "cidr_block": "172.23.36.0/22",
            "customer_owned_ipv4_pool": "",
            "enable_dns64": false,
            "enable_resource_name_dns_a_record_on_launch": false,
            "enable_resource_name_dns_aaaa_record_on_launch": false,
            "id": "subnet-0f4d084adcbd0721b",
            "ipv6_cidr_block": "",
            "ipv6_cidr_block_association_id": "",
            "ipv6_native": false,
            "map_customer_owned_ip_on_launch": false,
            "map_public_ip_on_launch": true,
            "outpost_arn": "",
            "owner_id": "760612056946",
            "private_dns_hostname_type_on_launch": "ip-name",
            "tags": {
              "Name": "caldera-test_public"
            },
            "tags_all": {
              "Name": "caldera-test_public"
            },
            "timeouts": null,
            "vpc_id": "vpc-00990d6997d8bcc18"
          },
          "sensitive_attributes": [],
          "private": "eyJlMmJmYjczMC1lY2FhLTExZTYtOGY4OC0zNDM2M2JjN2M0YzAiOnsiY3JlYXRlIjo2MDAwMDAwMDAwMDAsImRlbGV0ZSI6MTIwMDAwMDAwMDAwMH0sInNjaGVtYV92ZXJzaW9uIjoiMSJ9",
          "dependencies": [
            "module.vpc.aws_vpc.this",
            "module.vpc.aws_vpc_ipv4_cidr_block_association.this"
          ]
        },
        {
          "index_key": 2,
          "schema_version": 1,
          "attributes": {
            "arn": "arn:aws:ec2:us-east-1:760612056946:subnet/subnet-0bf9fe5901acf3fe0",
            "assign_ipv6_address_on_creation": false,
            "availability_zone": "us-east-1c",
            "availability_zone_id": "use1-az4",
            "cidr_block": "172.23.68.0/22",
            "customer_owned_ipv4_pool": "",
            "enable_dns64": false,
            "enable_resource_name_dns_a_record_on_launch": false,
            "enable_resource_name_dns_aaaa_record_on_launch": false,
            "id": "subnet-0bf9fe5901acf3fe0",
            "ipv6_cidr_block": "",
            "ipv6_cidr_block_association_id": "",
            "ipv6_native": false,
            "map_customer_owned_ip_on_launch": false,
            "map_public_ip_on_launch": true,
            "outpost_arn": "",
            "owner_id": "760612056946",
            "private_dns_hostname_type_on_launch": "ip-name",
            "tags": {
              "Name": "caldera-test_public"
            },
            "tags_all": {
              "Name": "caldera-test_public"
            },
            "timeouts": null,
            "vpc_id": "vpc-00990d6997d8bcc18"
          },
          "sensitive_attributes": [],
          "private": "eyJlMmJmYjczMC1lY2FhLTExZTYtOGY4OC0zNDM2M2JjN2M0YzAiOnsiY3JlYXRlIjo2MDAwMDAwMDAwMDAsImRlbGV0ZSI6MTIwMDAwMDAwMDAwMH0sInNjaGVtYV92ZXJzaW9uIjoiMSJ9",
          "dependencies": [
            "module.vpc.aws_vpc.this",
            "module.vpc.aws_vpc_ipv4_cidr_block_association.this"
          ]
        },
        {
          "index_key": 3,
          "schema_version": 1,
          "attributes": {
            "arn": "arn:aws:ec2:us-east-1:760612056946:subnet/subnet-0b1224f7e257567e0",
            "assign_ipv6_address_on_creation": false,
            "availability_zone": "us-east-1d",
            "availability_zone_id": "use1-az6",
            "cidr_block": "172.23.100.0/22",
            "customer_owned_ipv4_pool": "",
            "enable_dns64": false,
            "enable_resource_name_dns_a_record_on_launch": false,
            "enable_resource_name_dns_aaaa_record_on_launch": false,
            "id": "subnet-0b1224f7e257567e0",
            "ipv6_cidr_block": "",
            "ipv6_cidr_block_association_id": "",
            "ipv6_native": false,
            "map_customer_owned_ip_on_launch": false,
            "map_public_ip_on_launch": true,
            "outpost_arn": "",
            "owner_id": "760612056946",
            "private_dns_hostname_type_on_launch": "ip-name",
            "tags": {
              "Name": "caldera-test_public"
            },
            "tags_all": {
              "Name": "caldera-test_public"
            },
            "timeouts": null,
            "vpc_id": "vpc-00990d6997d8bcc18"
          },
          "sensitive_attributes": [],
          "private": "eyJlMmJmYjczMC1lY2FhLTExZTYtOGY4OC0zNDM2M2JjN2M0YzAiOnsiY3JlYXRlIjo2MDAwMDAwMDAwMDAsImRlbGV0ZSI6MTIwMDAwMDAwMDAwMH0sInNjaGVtYV92ZXJzaW9uIjoiMSJ9",
          "dependencies": [
            "module.vpc.aws_vpc.this",
            "module.vpc.aws_vpc_ipv4_cidr_block_association.this"
          ]
        },
        {
          "index_key": 4,
          "schema_version": 1,
          "attributes": {
            "arn": "arn:aws:ec2:us-east-1:760612056946:subnet/subnet-0c832dbc012c5841c",
            "assign_ipv6_address_on_creation": false,
            "availability_zone": "us-east-1f",
            "availability_zone_id": "use1-az5",
            "cidr_block": "172.23.164.0/22",
            "customer_owned_ipv4_pool": "",
            "enable_dns64": false,
            "enable_resource_name_dns_a_record_on_launch": false,
            "enable_resource_name_dns_aaaa_record_on_launch": false,
            "id": "subnet-0c832dbc012c5841c",
            "ipv6_cidr_block": "",
            "ipv6_cidr_block_association_id": "",
            "ipv6_native": false,
            "map_customer_owned_ip_on_launch": false,
            "map_public_ip_on_launch": true,
            "outpost_arn": "",
            "owner_id": "760612056946",
            "private_dns_hostname_type_on_launch": "ip-name",
            "tags": {
              "Name": "caldera-test_public"
            },
            "tags_all": {
              "Name": "caldera-test_public"
            },
            "timeouts": null,
            "vpc_id": "vpc-00990d6997d8bcc18"
          },
          "sensitive_attributes": [],
          "private": "eyJlMmJmYjczMC1lY2FhLTExZTYtOGY4OC0zNDM2M2JjN2M0YzAiOnsiY3JlYXRlIjo2MDAwMDAwMDAwMDAsImRlbGV0ZSI6MTIwMDAwMDAwMDAwMH0sInNjaGVtYV92ZXJzaW9uIjoiMSJ9",
          "dependencies": [
            "module.vpc.aws_vpc.this",
            "module.vpc.aws_vpc_ipv4_cidr_block_association.this"
          ]
        }
      ]
    },
    {
      "module": "module.vpc",
      "mode": "managed",
      "type": "aws_vpc",
      "name": "this",
      "provider": "provider[\"registry.terraform.io/hashicorp/aws\"]",
      "instances": [
        {
          "index_key": 0,
          "schema_version": 1,
          "attributes": {
            "arn": "arn:aws:ec2:us-east-1:760612056946:vpc/vpc-00990d6997d8bcc18",
            "assign_generated_ipv6_cidr_block": false,
            "cidr_block": "172.23.0.0/16",
            "default_network_acl_id": "acl-0410a472af2042ad7",
            "default_route_table_id": "rtb-035dfbec0032fbd37",
            "default_security_group_id": "sg-0aeb8a3b1a569af19",
            "dhcp_options_id": "dopt-0b22fe9704dc24884",
            "enable_classiclink": false,
            "enable_classiclink_dns_support": false,
            "enable_dns_hostnames": true,
            "enable_dns_support": true,
            "id": "vpc-00990d6997d8bcc18",
            "instance_tenancy": "default",
            "ipv4_ipam_pool_id": null,
            "ipv4_netmask_length": null,
            "ipv6_association_id": "",
            "ipv6_cidr_block": "",
            "ipv6_cidr_block_network_border_group": "",
            "ipv6_ipam_pool_id": "",
            "ipv6_netmask_length": 0,
            "main_route_table_id": "rtb-035dfbec0032fbd37",
            "owner_id": "760612056946",
            "tags": {
              "Name": "VPC"
            },
            "tags_all": {
              "Name": "VPC"
            }
          },
          "sensitive_attributes": [],
          "private": "eyJzY2hlbWFfdmVyc2lvbiI6IjEifQ=="
        }
      ]
    }
  ]
}
