{
  "version": 4,
  "terraform_version": "1.1.9",
  "serial": 33,
  "lineage": "271e0bcb-25a2-7bd8-9374-1bee1e47c0b0",
  "outputs": {
    "caldera_server_ip": {
      "value": "3.82.148.175",
      "type": "string"
    },
    "rsa_private_key": {
      "value": "-----BEGIN RSA PRIVATE KEY-----\nMIIJKAIBAAKCAgEAwJ2D3m6yvVSpYIR/8Ohqq0aFO3vbvk9MVfVBEuJqDHqMPnjd\nIA77RIUdKLiGtzOJjcG4CDc3mHfxORLs1SrgBSoGbA68jbmzO96TfWmcrSE3ajpc\n4Z+WJXo4N0Yozpn7CBfHe3Y6W3kKm400DSaBCNOSzhNjP156HQao7p3rRxxZgnKF\nZxzL+N9WTlNAjIRXQQ3Olrl89ZQjFhJjPwXfehJsN5AKNz7WZTRHX+vUCGQCRekw\nKwRbsVcKS/Zi72rE6xBNyq3oLnKlF1MjlbQGQvh+M/ClrE4rJ77AsuAfc74LWFLF\n3+WWsseSPjn3vG0pXmYCtmfKY3PrM7bRUUGyY6bd8kPtD1++RM6kciEVztBe3PRR\nBZ/4mXGy1r4tD9lgmxxbEuoCNtpkekXZT/MIWfPVjKP4uysTsH/0xYkBYJCdFJzl\nC3RhHJdAAG9oSkHb1rJ9A4/Pzcyi04jPMUS788N0njwPy/Ohk+5B2zBBQu+vAsgL\nt6zRiWqyA2AcglcSphYlm9FYKKGmIO9iVLePQYJpjDErs8Bz6ZWIAF+Xs3vZu97r\nH5htAgd+NBUf2yC4lis4o7YE6goI/fugxpHxXWAN3CSm8Zyaan90HOM2J8HX7Vnx\n/xZNp8YxH8tsBZwaOSNIikBahgoP6sZMKToR+uAio29NUtkdGkpv5Al3zccCAwEA\nAQKCAgBxmXS4rxkDyPbMUdkTQEAJG+JgHsCPET24RJlIhfh9u5kTDz17NtrCoq97\n4LizO9YYoPPlBIvphHPkcWD0qADPiuWWvWo/PBKVcMQT50HcagbAxAMbnn9zQw38\nq4hNsUr4ju27xxLL+CtlanYUe20Gw6GFoLGcIiBrFg50DPdCTVoNMXW0RquV8EJ6\nl2cueK7tUzNQeb1VKTU4Q0f9V31iBZOFgZJE2u6faaHe1LuM507f5JPgCwX5JZiR\nDJN1GMdiy47VxpN1MXBkvUfzduVqghwMjhVn9gJFwp7r4HssTB1szgSd9E5YypNZ\n195gZxFK92cKJVScKzXAnkX9Yn3OeKAMJLDzQZ3+f3vf/vh+gghFfEvtvqDU+UOa\nDZXmZtggLe3aIChRDDiF2h0CIR2oO0nJmVXcb8/xgJXLMAVsWHews5Q/4wJ6naeD\n5EXz2vPyMiaq9f4M6QDhzjXpu3Kcuw5CESWxc2+ub7Z35oVu8LXbKoQ1qTDwsC9e\nQTOe3n1RMiW1ve88xhT3IsxvMrKfmHwzNzj+PYa/MqI1MMtggAEs3iK70WWkZqL9\n3XyXUcvIgXdlwXAwmJricY9qFYv0FZHDmdD1d4yi6+CyEPlhMp4b1BVc+goN1J2r\nUxPAYGKYsfaTIZ7VIoqwtOZkhUVsDhMtC9UlOmIHin61hKCy4QKCAQEAx34HCauk\nNdxY7fb2q12CSwIUiQ2Il505UNhQLOefqQ8jeYhFL1tpAV0nU0HDOtpt8ULZl3Re\nF3Yrz0YyCgGWQB0aB1Be2UsVhbDarDUz9OFuQ9KPgDP/Zq4B3eLSXhJvA6Knp595\nqX4enZpwjHMMuDhePj8bSbVzbzL5/Z4eB5vRO/NVxBD+a5/M3ldKSH3+ZIGOfflf\nKnYw+DuCAKya/Azq+GCkzRV5CrAuehcHLlyfyHQiKuYBvR64Cyx768nt5jA5/r04\nGmqtpI8CKrxIex11FCFm/3FvBoRdotLdv6h04M9l9Y0+j5aNBlSFly4TUupiepGh\nesNvzbBicO21lQKCAQEA9yzPI+o0Ys6pDZE3x0Lz1TF/MGnqe+bIhcmTJMiT5WgE\n6JeQurcCfERSvqWrMtetzHYbmGcTyVOzXfMWi0Lk5pTY8Xpe0+yHc6ymd0kTRkbb\ny2lToSB9T19hh5VyvDEiUUW6tcSvD1ftmK6Sen6QkcWr7WPN3c6ii7kDZMJ6VqR7\nC5YSobXwm1/rQzktka50ju0G0TzxwERfZ237UUVSVk0dapVvS6nWGzIwGM5aWvw6\niySuGUt0cS/t2QW2hXmUL1sRr4NO5er/vvlbxqB7+zO2EN/SCHRe6D0XdeJHi6y0\nuy3lGwW3lj1db0a1+LbOEaLJgakPtmrSEGdxrZYm6wKCAQAi+zJ4u6Rb3Xuqnre6\nbPc/9+lp7vmYvHUkfAnzFdqlZoYt9XtMRpcvKgqPSuTVGSBWQgatzDYDnzEnc4Oq\nxYR3UaMSzUEUkVoAy3ZM5DdsJWuUcQPA011hv/mL0w5YeJsG5CrJ9ej7k6YCtOYv\neq0sUJYWDDLYxfyr7yBvHJ7fbq9N9+l+LAyxCqB+DIh2FcHaFe3KoUPSyk7j+Gtf\neuTiddFuJGRBohZLjYFY31jfBFbwa4ziQNrlMtHLA83nFs2ko6hHxx5jY3l3daxH\nmiSLkirJkOHiwR1a4zMYLim8RenY0gVq/Y2O2DN6fK/ARtAUpg0GuSq7wDGGu/tH\nGifRAoIBAQDJZHMqGiuwzh2j9kxySLUPYhL1yXbKmVGM4J7Je7w1ULmfIc9EstSN\nl8WrnKSO+nibfSgi1umiQlaFGAmoUkrbLTBOIJyfI7uBnozL6HiR7C4t4JXJVQWE\n5Hw80qH3gDkr6xqj+6t/Xu8yVhr3P6RfgaYB+C3GqhR6r7Z6JJM1gTLYT+DCbdGr\nZ03zKeVdK73ArpO9bGC1fYAWb+Azab4anx52t2dFSQ4wfoX90DSCqbyxnqNT7Mzl\nZF3xU9xRiKwaoaMZVG22m/DhE5+ZiS07kfioaxVg2iByLUSuQj51KbTgRhbEG7Zn\n7XvxrLWb/qaMbAyvXqZ0xTh/MSnIe+0dAoIBACJuveMkFrxG5Br39PuUXvA7cSvZ\nvYZyFtEaeIT2J9DMuwIiOr+vepxaR3P+K2VJOFsi74BJoGUaOt3jJL2y0D2f2yEO\n4WLPfFXXN1WyohPTVlOzZdVpP32Wq53FpuEz09VO9KEwyIsBj0kmO5huWdqu37S4\nR1HyUN3PpPdt+rf7OY69tgDGdOp3v2BWqJ3vDBtecLzSiu29ELeN49GBzJkvGWNS\nCeCp8iH064y5iNLe4fQx8oPWtsWAriHbecN6aIMft7y0aRRypOMa9oQofYvVyxNO\n8yZXFVj8UioDZUqr6ERyTREgvaG8d6AAUMwBJzXHcham7ER6Eqw9dlmfQN4=\n-----END RSA PRIVATE KEY-----\n",
      "type": "string"
    }
  },
  "resources": [
    {
      "mode": "managed",
      "type": "aws_instance",
      "name": "caldera_server",
      "provider": "provider[\"registry.terraform.io/hashicorp/aws\"]",
      "instances": [
        {
          "schema_version": 1,
          "attributes": {
            "ami": "ami-09d56f8956ab235b3",
            "arn": "arn:aws:ec2:us-east-1:202496921663:instance/i-0b8b2de3be783d1c2",
            "associate_public_ip_address": true,
            "availability_zone": "us-east-1a",
            "capacity_reservation_specification": [
              {
                "capacity_reservation_preference": "open",
                "capacity_reservation_target": []
              }
            ],
            "cpu_core_count": 1,
            "cpu_threads_per_core": 2,
            "credit_specification": [
              {
                "cpu_credits": "unlimited"
              }
            ],
            "disable_api_stop": false,
            "disable_api_termination": false,
            "ebs_block_device": [],
            "ebs_optimized": false,
            "enclave_options": [
              {
                "enabled": false
              }
            ],
            "ephemeral_block_device": [],
            "get_password_data": false,
            "hibernation": false,
            "host_id": null,
            "iam_instance_profile": "",
            "id": "i-0b8b2de3be783d1c2",
            "instance_initiated_shutdown_behavior": "stop",
            "instance_state": "running",
            "instance_type": "t3.medium",
            "ipv6_address_count": 0,
            "ipv6_addresses": [],
            "key_name": "caldera-node",
            "launch_template": [],
            "maintenance_options": [
              {
                "auto_recovery": "default"
              }
            ],
            "metadata_options": [
              {
                "http_endpoint": "enabled",
                "http_put_response_hop_limit": 1,
                "http_tokens": "optional",
                "instance_metadata_tags": "disabled"
              }
            ],
            "monitoring": false,
            "network_interface": [],
            "outpost_arn": "",
            "password_data": "",
            "placement_group": "",
            "placement_partition_number": null,
            "primary_network_interface_id": "eni-042393c8276ecc394",
            "private_dns": "ip-172-23-6-95.ec2.internal",
            "private_dns_name_options": [
              {
                "enable_resource_name_dns_a_record": false,
                "enable_resource_name_dns_aaaa_record": false,
                "hostname_type": "ip-name"
              }
            ],
            "private_ip": "172.23.6.95",
            "public_dns": "ec2-3-82-148-175.compute-1.amazonaws.com",
            "public_ip": "3.82.148.175",
            "root_block_device": [
              {
                "delete_on_termination": true,
                "device_name": "/dev/sda1",
                "encrypted": false,
                "iops": 100,
                "kms_key_id": "",
                "tags": {},
                "throughput": 0,
                "volume_id": "vol-02bd62bbda199b4ae",
                "volume_size": 8,
                "volume_type": "gp2"
              }
            ],
            "secondary_private_ips": [],
            "security_groups": [],
            "source_dest_check": true,
            "subnet_id": "subnet-0ca3e5d89a93b88b2",
            "tags": {
              "Name": "caldera_server",
              "environment": "caldera-test"
            },
            "tags_all": {
              "Name": "caldera_server",
              "environment": "caldera-test"
            },
            "tenancy": "default",
            "timeouts": null,
            "user_data": "40871111b73dea6b5d322930f8e792b4e96fbfa4",
            "user_data_base64": null,
            "user_data_replace_on_change": false,
            "volume_tags": null,
            "vpc_security_group_ids": [
              "sg-0f3e30e984e4afc32"
            ]
          },
          "sensitive_attributes": [],
          "private": "eyJlMmJmYjczMC1lY2FhLTExZTYtOGY4OC0zNDM2M2JjN2M0YzAiOnsiY3JlYXRlIjo2MDAwMDAwMDAwMDAsImRlbGV0ZSI6MTIwMDAwMDAwMDAwMCwidXBkYXRlIjo2MDAwMDAwMDAwMDB9LCJzY2hlbWFfdmVyc2lvbiI6IjEifQ==",
          "dependencies": [
            "aws_security_group.sg_caldera_server",
            "module.aws_rsa_key.aws_key_pair.worker",
            "module.aws_rsa_key.local_file.ssh_local",
            "module.aws_rsa_key.tls_private_key.ssh_key",
            "module.vpc.aws_cloudwatch_log_group.flow_log",
            "module.vpc.aws_customer_gateway.this",
            "module.vpc.aws_db_subnet_group.database",
            "module.vpc.aws_default_network_acl.this",
            "module.vpc.aws_default_route_table.default",
            "module.vpc.aws_default_security_group.this",
            "module.vpc.aws_default_vpc.this",
            "module.vpc.aws_egress_only_internet_gateway.this",
            "module.vpc.aws_eip.nat",
            "module.vpc.aws_elasticache_subnet_group.elasticache",
            "module.vpc.aws_flow_log.this",
            "module.vpc.aws_iam_policy.vpc_flow_log_cloudwatch",
            "module.vpc.aws_iam_role.vpc_flow_log_cloudwatch",
            "module.vpc.aws_iam_role_policy_attachment.vpc_flow_log_cloudwatch",
            "module.vpc.aws_internet_gateway.this",
            "module.vpc.aws_nat_gateway.this",
            "module.vpc.aws_network_acl.database",
            "module.vpc.aws_network_acl.elasticache",
            "module.vpc.aws_network_acl.intra",
            "module.vpc.aws_network_acl.outpost",
            "module.vpc.aws_network_acl.private",
            "module.vpc.aws_network_acl.public",
            "module.vpc.aws_network_acl.redshift",
            "module.vpc.aws_network_acl_rule.database_inbound",
            "module.vpc.aws_network_acl_rule.database_outbound",
            "module.vpc.aws_network_acl_rule.elasticache_inbound",
            "module.vpc.aws_network_acl_rule.elasticache_outbound",
            "module.vpc.aws_network_acl_rule.intra_inbound",
            "module.vpc.aws_network_acl_rule.intra_outbound",
            "module.vpc.aws_network_acl_rule.outpost_inbound",
            "module.vpc.aws_network_acl_rule.outpost_outbound",
            "module.vpc.aws_network_acl_rule.private_inbound",
            "module.vpc.aws_network_acl_rule.private_outbound",
            "module.vpc.aws_network_acl_rule.public_inbound",
            "module.vpc.aws_network_acl_rule.public_outbound",
            "module.vpc.aws_network_acl_rule.redshift_inbound",
            "module.vpc.aws_network_acl_rule.redshift_outbound",
            "module.vpc.aws_redshift_subnet_group.redshift",
            "module.vpc.aws_route.database_internet_gateway",
            "module.vpc.aws_route.database_ipv6_egress",
            "module.vpc.aws_route.database_nat_gateway",
            "module.vpc.aws_route.private_ipv6_egress",
            "module.vpc.aws_route.private_nat_gateway",
            "module.vpc.aws_route.public_internet_gateway",
            "module.vpc.aws_route.public_internet_gateway_ipv6",
            "module.vpc.aws_route_table.database",
            "module.vpc.aws_route_table.elasticache",
            "module.vpc.aws_route_table.intra",
            "module.vpc.aws_route_table.private",
            "module.vpc.aws_route_table.public",
            "module.vpc.aws_route_table.redshift",
            "module.vpc.aws_route_table_association.database",
            "module.vpc.aws_route_table_association.elasticache",
            "module.vpc.aws_route_table_association.intra",
            "module.vpc.aws_route_table_association.outpost",
            "module.vpc.aws_route_table_association.private",
            "module.vpc.aws_route_table_association.public",
            "module.vpc.aws_route_table_association.redshift",
            "module.vpc.aws_route_table_association.redshift_public",
            "module.vpc.aws_subnet.database",
            "module.vpc.aws_subnet.elasticache",
            "module.vpc.aws_subnet.intra",
            "module.vpc.aws_subnet.outpost",
            "module.vpc.aws_subnet.private",
            "module.vpc.aws_subnet.public",
            "module.vpc.aws_subnet.redshift",
            "module.vpc.aws_vpc.this",
            "module.vpc.aws_vpc_dhcp_options.this",
            "module.vpc.aws_vpc_dhcp_options_association.this",
            "module.vpc.aws_vpc_ipv4_cidr_block_association.this",
            "module.vpc.aws_vpn_gateway.this",
            "module.vpc.aws_vpn_gateway_attachment.this",
            "module.vpc.aws_vpn_gateway_route_propagation.intra",
            "module.vpc.aws_vpn_gateway_route_propagation.private",
            "module.vpc.aws_vpn_gateway_route_propagation.public",
            "module.vpc.data.aws_iam_policy_document.flow_log_cloudwatch_assume_role",
            "module.vpc.data.aws_iam_policy_document.vpc_flow_log_cloudwatch"
          ]
        }
      ]
    },
    {
      "mode": "managed",
      "type": "aws_security_group",
      "name": "sg_caldera_server",
      "provider": "provider[\"registry.terraform.io/hashicorp/aws\"]",
      "instances": [
        {
          "schema_version": 1,
          "attributes": {
            "arn": "arn:aws:ec2:us-east-1:202496921663:security-group/sg-0f3e30e984e4afc32",
            "description": "Allow ports for caldera server",
            "egress": [
              {
                "cidr_blocks": [
                  "0.0.0.0/0"
                ],
                "description": "",
                "from_port": 0,
                "ipv6_cidr_blocks": [],
                "prefix_list_ids": [],
                "protocol": "-1",
                "security_groups": [],
                "self": false,
                "to_port": 0
              }
            ],
            "id": "sg-0f3e30e984e4afc32",
            "ingress": [
              {
                "cidr_blocks": [
                  "0.0.0.0/0"
                ],
                "description": "Caldera server port",
                "from_port": 2288,
                "ipv6_cidr_blocks": [],
                "prefix_list_ids": [],
                "protocol": "tcp",
                "security_groups": [],
                "self": false,
                "to_port": 2288
              },
              {
                "cidr_blocks": [
                  "0.0.0.0/0"
                ],
                "description": "SSH from VPC",
                "from_port": 22,
                "ipv6_cidr_blocks": [],
                "prefix_list_ids": [],
                "protocol": "tcp",
                "security_groups": [],
                "self": false,
                "to_port": 22
              }
            ],
            "name": "sg_caldera_linux",
            "name_prefix": "",
            "owner_id": "202496921663",
            "revoke_rules_on_delete": false,
            "tags": {
              "environment": "caldera-test"
            },
            "tags_all": {
              "environment": "caldera-test"
            },
            "timeouts": null,
            "vpc_id": "vpc-07f54e1494c2223f4"
          },
          "sensitive_attributes": [],
          "private": "eyJlMmJmYjczMC1lY2FhLTExZTYtOGY4OC0zNDM2M2JjN2M0YzAiOnsiY3JlYXRlIjo2MDAwMDAwMDAwMDAsImRlbGV0ZSI6OTAwMDAwMDAwMDAwfSwic2NoZW1hX3ZlcnNpb24iOiIxIn0=",
          "dependencies": [
            "module.vpc.aws_vpc.this"
          ]
        }
      ]
    },
    {
      "module": "module.aws_rsa_key",
      "mode": "managed",
      "type": "aws_key_pair",
      "name": "worker",
      "provider": "provider[\"registry.terraform.io/hashicorp/aws\"]",
      "instances": [
        {
          "schema_version": 1,
          "attributes": {
            "arn": "arn:aws:ec2:us-east-1:202496921663:key-pair/caldera-node",
            "fingerprint": "af:35:85:c4:bc:3a:73:9e:87:93:ef:3a:40:12:2a:2f",
            "id": "caldera-node",
            "key_name": "caldera-node",
            "key_name_prefix": "",
            "key_pair_id": "key-0f0c5c425418b3035",
            "key_type": "rsa",
            "public_key": "ssh-rsa AAAAB3NzaC1yc2EAAAADAQABAAACAQDAnYPebrK9VKlghH/w6GqrRoU7e9u+T0xV9UES4moMeow+eN0gDvtEhR0ouIa3M4mNwbgINzeYd/E5EuzVKuAFKgZsDryNubM73pN9aZytITdqOlzhn5Ylejg3RijOmfsIF8d7djpbeQqbjTQNJoEI05LOE2M/XnodBqjunetHHFmCcoVnHMv431ZOU0CMhFdBDc6WuXz1lCMWEmM/Bd96Emw3kAo3PtZlNEdf69QIZAJF6TArBFuxVwpL9mLvasTrEE3KregucqUXUyOVtAZC+H4z8KWsTisnvsCy4B9zvgtYUsXf5Zayx5I+Ofe8bSleZgK2Z8pjc+szttFRQbJjpt3yQ+0PX75EzqRyIRXO0F7c9FEFn/iZcbLWvi0P2WCbHFsS6gI22mR6RdlP8whZ89WMo/i7KxOwf/TFiQFgkJ0UnOULdGEcl0AAb2hKQdvWsn0Dj8/NzKLTiM8xRLvzw3SePA/L86GT7kHbMEFC768CyAu3rNGJarIDYByCVxKmFiWb0VgooaYg72JUt49BgmmMMSuzwHPplYgAX5eze9m73usfmG0CB340FR/bILiWKzijtgTqCgj9+6DGkfFdYA3cJKbxnJpqf3Qc4zYnwdftWfH/Fk2nxjEfy2wFnBo5I0iKQFqGCg/qxkwpOhH64CKjb01S2R0aSm/kCXfNxw==",
            "tags": null,
            "tags_all": {}
          },
          "sensitive_attributes": [],
          "private": "eyJzY2hlbWFfdmVyc2lvbiI6IjEifQ==",
          "dependencies": [
            "module.aws_rsa_key.tls_private_key.ssh_key",
            "module.vpc.aws_cloudwatch_log_group.flow_log",
            "module.vpc.aws_customer_gateway.this",
            "module.vpc.aws_db_subnet_group.database",
            "module.vpc.aws_default_network_acl.this",
            "module.vpc.aws_default_route_table.default",
            "module.vpc.aws_default_security_group.this",
            "module.vpc.aws_default_vpc.this",
            "module.vpc.aws_egress_only_internet_gateway.this",
            "module.vpc.aws_eip.nat",
            "module.vpc.aws_elasticache_subnet_group.elasticache",
            "module.vpc.aws_flow_log.this",
            "module.vpc.aws_iam_policy.vpc_flow_log_cloudwatch",
            "module.vpc.aws_iam_role.vpc_flow_log_cloudwatch",
            "module.vpc.aws_iam_role_policy_attachment.vpc_flow_log_cloudwatch",
            "module.vpc.aws_internet_gateway.this",
            "module.vpc.aws_nat_gateway.this",
            "module.vpc.aws_network_acl.database",
            "module.vpc.aws_network_acl.elasticache",
            "module.vpc.aws_network_acl.intra",
            "module.vpc.aws_network_acl.outpost",
            "module.vpc.aws_network_acl.private",
            "module.vpc.aws_network_acl.public",
            "module.vpc.aws_network_acl.redshift",
            "module.vpc.aws_network_acl_rule.database_inbound",
            "module.vpc.aws_network_acl_rule.database_outbound",
            "module.vpc.aws_network_acl_rule.elasticache_inbound",
            "module.vpc.aws_network_acl_rule.elasticache_outbound",
            "module.vpc.aws_network_acl_rule.intra_inbound",
            "module.vpc.aws_network_acl_rule.intra_outbound",
            "module.vpc.aws_network_acl_rule.outpost_inbound",
            "module.vpc.aws_network_acl_rule.outpost_outbound",
            "module.vpc.aws_network_acl_rule.private_inbound",
            "module.vpc.aws_network_acl_rule.private_outbound",
            "module.vpc.aws_network_acl_rule.public_inbound",
            "module.vpc.aws_network_acl_rule.public_outbound",
            "module.vpc.aws_network_acl_rule.redshift_inbound",
            "module.vpc.aws_network_acl_rule.redshift_outbound",
            "module.vpc.aws_redshift_subnet_group.redshift",
            "module.vpc.aws_route.database_internet_gateway",
            "module.vpc.aws_route.database_ipv6_egress",
            "module.vpc.aws_route.database_nat_gateway",
            "module.vpc.aws_route.private_ipv6_egress",
            "module.vpc.aws_route.private_nat_gateway",
            "module.vpc.aws_route.public_internet_gateway",
            "module.vpc.aws_route.public_internet_gateway_ipv6",
            "module.vpc.aws_route_table.database",
            "module.vpc.aws_route_table.elasticache",
            "module.vpc.aws_route_table.intra",
            "module.vpc.aws_route_table.private",
            "module.vpc.aws_route_table.public",
            "module.vpc.aws_route_table.redshift",
            "module.vpc.aws_route_table_association.database",
            "module.vpc.aws_route_table_association.elasticache",
            "module.vpc.aws_route_table_association.intra",
            "module.vpc.aws_route_table_association.outpost",
            "module.vpc.aws_route_table_association.private",
            "module.vpc.aws_route_table_association.public",
            "module.vpc.aws_route_table_association.redshift",
            "module.vpc.aws_route_table_association.redshift_public",
            "module.vpc.aws_subnet.database",
            "module.vpc.aws_subnet.elasticache",
            "module.vpc.aws_subnet.intra",
            "module.vpc.aws_subnet.outpost",
            "module.vpc.aws_subnet.private",
            "module.vpc.aws_subnet.public",
            "module.vpc.aws_subnet.redshift",
            "module.vpc.aws_vpc.this",
            "module.vpc.aws_vpc_dhcp_options.this",
            "module.vpc.aws_vpc_dhcp_options_association.this",
            "module.vpc.aws_vpc_ipv4_cidr_block_association.this",
            "module.vpc.aws_vpn_gateway.this",
            "module.vpc.aws_vpn_gateway_attachment.this",
            "module.vpc.aws_vpn_gateway_route_propagation.intra",
            "module.vpc.aws_vpn_gateway_route_propagation.private",
            "module.vpc.aws_vpn_gateway_route_propagation.public",
            "module.vpc.data.aws_iam_policy_document.flow_log_cloudwatch_assume_role",
            "module.vpc.data.aws_iam_policy_document.vpc_flow_log_cloudwatch"
          ]
        }
      ]
    },
    {
      "module": "module.aws_rsa_key",
      "mode": "managed",
      "type": "tls_private_key",
      "name": "ssh_key",
      "provider": "provider[\"registry.terraform.io/hashicorp/tls\"]",
      "instances": [
        {
          "schema_version": 0,
          "attributes": {
            "algorithm": "RSA",
            "ecdsa_curve": "P224",
            "id": "2c468069e3ad1e5e6e2149641f470da8da38b362",
            "private_key_openssh": "-----BEGIN OPENSSH PRIVATE KEY-----\nb3BlbnNzaC1rZXktdjEAAAAABG5vbmUAAAAEbm9uZQAAAAAAAAABAAACFwAAAAdz\nc2gtcnNhAAAAAwEAAQAAAgEAwJ2D3m6yvVSpYIR/8Ohqq0aFO3vbvk9MVfVBEuJq\nDHqMPnjdIA77RIUdKLiGtzOJjcG4CDc3mHfxORLs1SrgBSoGbA68jbmzO96TfWmc\nrSE3ajpc4Z+WJXo4N0Yozpn7CBfHe3Y6W3kKm400DSaBCNOSzhNjP156HQao7p3r\nRxxZgnKFZxzL+N9WTlNAjIRXQQ3Olrl89ZQjFhJjPwXfehJsN5AKNz7WZTRHX+vU\nCGQCRekwKwRbsVcKS/Zi72rE6xBNyq3oLnKlF1MjlbQGQvh+M/ClrE4rJ77AsuAf\nc74LWFLF3+WWsseSPjn3vG0pXmYCtmfKY3PrM7bRUUGyY6bd8kPtD1++RM6kciEV\nztBe3PRRBZ/4mXGy1r4tD9lgmxxbEuoCNtpkekXZT/MIWfPVjKP4uysTsH/0xYkB\nYJCdFJzlC3RhHJdAAG9oSkHb1rJ9A4/Pzcyi04jPMUS788N0njwPy/Ohk+5B2zBB\nQu+vAsgLt6zRiWqyA2AcglcSphYlm9FYKKGmIO9iVLePQYJpjDErs8Bz6ZWIAF+X\ns3vZu97rH5htAgd+NBUf2yC4lis4o7YE6goI/fugxpHxXWAN3CSm8Zyaan90HOM2\nJ8HX7Vnx/xZNp8YxH8tsBZwaOSNIikBahgoP6sZMKToR+uAio29NUtkdGkpv5Al3\nzccAAAc4ZJmSB2SZkgcAAAAHc3NoLXJzYQAAAgEAwJ2D3m6yvVSpYIR/8Ohqq0aF\nO3vbvk9MVfVBEuJqDHqMPnjdIA77RIUdKLiGtzOJjcG4CDc3mHfxORLs1SrgBSoG\nbA68jbmzO96TfWmcrSE3ajpc4Z+WJXo4N0Yozpn7CBfHe3Y6W3kKm400DSaBCNOS\nzhNjP156HQao7p3rRxxZgnKFZxzL+N9WTlNAjIRXQQ3Olrl89ZQjFhJjPwXfehJs\nN5AKNz7WZTRHX+vUCGQCRekwKwRbsVcKS/Zi72rE6xBNyq3oLnKlF1MjlbQGQvh+\nM/ClrE4rJ77AsuAfc74LWFLF3+WWsseSPjn3vG0pXmYCtmfKY3PrM7bRUUGyY6bd\n8kPtD1++RM6kciEVztBe3PRRBZ/4mXGy1r4tD9lgmxxbEuoCNtpkekXZT/MIWfPV\njKP4uysTsH/0xYkBYJCdFJzlC3RhHJdAAG9oSkHb1rJ9A4/Pzcyi04jPMUS788N0\nnjwPy/Ohk+5B2zBBQu+vAsgLt6zRiWqyA2AcglcSphYlm9FYKKGmIO9iVLePQYJp\njDErs8Bz6ZWIAF+Xs3vZu97rH5htAgd+NBUf2yC4lis4o7YE6goI/fugxpHxXWAN\n3CSm8Zyaan90HOM2J8HX7Vnx/xZNp8YxH8tsBZwaOSNIikBahgoP6sZMKToR+uAi\no29NUtkdGkpv5Al3zccAAAADAQABAAACAHGZdLivGQPI9sxR2RNAQAkb4mAewI8R\nPbhEmUiF+H27mRMPPXs22sKir3vguLM71hig8+UEi+mEc+RxYPSoAM+K5Za9aj88\nEpVwxBPnQdxqBsDEAxuef3NDDfyriE2xSviO7bvHEsv4K2VqdhR7bQbDoYWgsZwi\nIGsWDnQM90JNWg0xdbRGq5XwQnqXZy54ru1TM1B5vVUpNThDR/1XfWIFk4WBkkTa\n7p9pod7Uu4znTt/kk+ALBfklmJEMk3UYx2LLjtXGk3UxcGS9R/N25WqCHAyOFWf2\nAkXCnuvgeyxMHWzOBJ30TljKk1nX3mBnEUr3ZwolVJwrNcCeRf1ifc54oAwksPNB\nnf5/e9/++H6CCEV8S+2+oNT5Q5oNleZm2CAt7dogKFEMOIXaHQIhHag7ScmZVdxv\nz/GAlcswBWxYd7CzlD/jAnqdp4PkRfPa8/IyJqr1/gzpAOHONem7cpy7DkIRJbFz\nb65vtnfmhW7wtdsqhDWpMPCwL15BM57efVEyJbW97zzGFPcizG8ysp+YfDM3OP49\nhr8yojUwy2CAASzeIrvRZaRmov3dfJdRy8iBd2XBcDCYmuJxj2oVi/QVkcOZ0PV3\njKLr4LIQ+WEynhvUFVz6Cg3UnatTE8BgYpix9pMhntUiirC05mSFRWwOEy0L1SU6\nYgeKfrWEoLLhAAABACJuveMkFrxG5Br39PuUXvA7cSvZvYZyFtEaeIT2J9DMuwIi\nOr+vepxaR3P+K2VJOFsi74BJoGUaOt3jJL2y0D2f2yEO4WLPfFXXN1WyohPTVlOz\nZdVpP32Wq53FpuEz09VO9KEwyIsBj0kmO5huWdqu37S4R1HyUN3PpPdt+rf7OY69\ntgDGdOp3v2BWqJ3vDBtecLzSiu29ELeN49GBzJkvGWNSCeCp8iH064y5iNLe4fQx\n8oPWtsWAriHbecN6aIMft7y0aRRypOMa9oQofYvVyxNO8yZXFVj8UioDZUqr6ERy\nTREgvaG8d6AAUMwBJzXHcham7ER6Eqw9dlmfQN4AAAEBAMd+BwmrpDXcWO329qtd\ngksCFIkNiJedOVDYUCznn6kPI3mIRS9baQFdJ1NBwzrabfFC2Zd0Xhd2K89GMgoB\nlkAdGgdQXtlLFYWw2qw1M/ThbkPSj4Az/2auAd3i0l4SbwOip6efeal+Hp2acIxz\nDLg4Xj4/G0m1c28y+f2eHgeb0TvzVcQQ/mufzN5XSkh9/mSBjn35Xyp2MPg7ggCs\nmvwM6vhgpM0VeQqwLnoXBy5cn8h0IirmAb0euAsse+vJ7eYwOf69OBpqraSPAiq8\nSHsddRQhZv9xbwaEXaLS3b+odODPZfWNPo+WjQZUhZcuE1LqYnqRoXrDb82wYnDt\ntZUAAAEBAPcszyPqNGLOqQ2RN8dC89UxfzBp6nvmyIXJkyTIk+VoBOiXkLq3AnxE\nUr6lqzLXrcx2G5hnE8lTs13zFotC5OaU2PF6XtPsh3OspndJE0ZG28tpU6EgfU9f\nYYeVcrwxIlFFurXErw9X7Ziuknp+kJHFq+1jzd3Ooou5A2TCelakewuWEqG18Jtf\n60M5LZGudI7tBtE88cBEX2dt+1FFUlZNHWqVb0up1hsyMBjOWlr8OoskrhlLdHEv\n7dkFtoV5lC9bEa+DTuXq/775W8age/szthDf0gh0Xug9F3XiR4ustLst5RsFt5Y9\nXW9Gtfi2zhGiyYGpD7Zq0hBnca2WJusAAAAAAQID\n-----END OPENSSH PRIVATE KEY-----\n",
            "private_key_pem": "-----BEGIN RSA PRIVATE KEY-----\nMIIJKAIBAAKCAgEAwJ2D3m6yvVSpYIR/8Ohqq0aFO3vbvk9MVfVBEuJqDHqMPnjd\nIA77RIUdKLiGtzOJjcG4CDc3mHfxORLs1SrgBSoGbA68jbmzO96TfWmcrSE3ajpc\n4Z+WJXo4N0Yozpn7CBfHe3Y6W3kKm400DSaBCNOSzhNjP156HQao7p3rRxxZgnKF\nZxzL+N9WTlNAjIRXQQ3Olrl89ZQjFhJjPwXfehJsN5AKNz7WZTRHX+vUCGQCRekw\nKwRbsVcKS/Zi72rE6xBNyq3oLnKlF1MjlbQGQvh+M/ClrE4rJ77AsuAfc74LWFLF\n3+WWsseSPjn3vG0pXmYCtmfKY3PrM7bRUUGyY6bd8kPtD1++RM6kciEVztBe3PRR\nBZ/4mXGy1r4tD9lgmxxbEuoCNtpkekXZT/MIWfPVjKP4uysTsH/0xYkBYJCdFJzl\nC3RhHJdAAG9oSkHb1rJ9A4/Pzcyi04jPMUS788N0njwPy/Ohk+5B2zBBQu+vAsgL\nt6zRiWqyA2AcglcSphYlm9FYKKGmIO9iVLePQYJpjDErs8Bz6ZWIAF+Xs3vZu97r\nH5htAgd+NBUf2yC4lis4o7YE6goI/fugxpHxXWAN3CSm8Zyaan90HOM2J8HX7Vnx\n/xZNp8YxH8tsBZwaOSNIikBahgoP6sZMKToR+uAio29NUtkdGkpv5Al3zccCAwEA\nAQKCAgBxmXS4rxkDyPbMUdkTQEAJG+JgHsCPET24RJlIhfh9u5kTDz17NtrCoq97\n4LizO9YYoPPlBIvphHPkcWD0qADPiuWWvWo/PBKVcMQT50HcagbAxAMbnn9zQw38\nq4hNsUr4ju27xxLL+CtlanYUe20Gw6GFoLGcIiBrFg50DPdCTVoNMXW0RquV8EJ6\nl2cueK7tUzNQeb1VKTU4Q0f9V31iBZOFgZJE2u6faaHe1LuM507f5JPgCwX5JZiR\nDJN1GMdiy47VxpN1MXBkvUfzduVqghwMjhVn9gJFwp7r4HssTB1szgSd9E5YypNZ\n195gZxFK92cKJVScKzXAnkX9Yn3OeKAMJLDzQZ3+f3vf/vh+gghFfEvtvqDU+UOa\nDZXmZtggLe3aIChRDDiF2h0CIR2oO0nJmVXcb8/xgJXLMAVsWHews5Q/4wJ6naeD\n5EXz2vPyMiaq9f4M6QDhzjXpu3Kcuw5CESWxc2+ub7Z35oVu8LXbKoQ1qTDwsC9e\nQTOe3n1RMiW1ve88xhT3IsxvMrKfmHwzNzj+PYa/MqI1MMtggAEs3iK70WWkZqL9\n3XyXUcvIgXdlwXAwmJricY9qFYv0FZHDmdD1d4yi6+CyEPlhMp4b1BVc+goN1J2r\nUxPAYGKYsfaTIZ7VIoqwtOZkhUVsDhMtC9UlOmIHin61hKCy4QKCAQEAx34HCauk\nNdxY7fb2q12CSwIUiQ2Il505UNhQLOefqQ8jeYhFL1tpAV0nU0HDOtpt8ULZl3Re\nF3Yrz0YyCgGWQB0aB1Be2UsVhbDarDUz9OFuQ9KPgDP/Zq4B3eLSXhJvA6Knp595\nqX4enZpwjHMMuDhePj8bSbVzbzL5/Z4eB5vRO/NVxBD+a5/M3ldKSH3+ZIGOfflf\nKnYw+DuCAKya/Azq+GCkzRV5CrAuehcHLlyfyHQiKuYBvR64Cyx768nt5jA5/r04\nGmqtpI8CKrxIex11FCFm/3FvBoRdotLdv6h04M9l9Y0+j5aNBlSFly4TUupiepGh\nesNvzbBicO21lQKCAQEA9yzPI+o0Ys6pDZE3x0Lz1TF/MGnqe+bIhcmTJMiT5WgE\n6JeQurcCfERSvqWrMtetzHYbmGcTyVOzXfMWi0Lk5pTY8Xpe0+yHc6ymd0kTRkbb\ny2lToSB9T19hh5VyvDEiUUW6tcSvD1ftmK6Sen6QkcWr7WPN3c6ii7kDZMJ6VqR7\nC5YSobXwm1/rQzktka50ju0G0TzxwERfZ237UUVSVk0dapVvS6nWGzIwGM5aWvw6\niySuGUt0cS/t2QW2hXmUL1sRr4NO5er/vvlbxqB7+zO2EN/SCHRe6D0XdeJHi6y0\nuy3lGwW3lj1db0a1+LbOEaLJgakPtmrSEGdxrZYm6wKCAQAi+zJ4u6Rb3Xuqnre6\nbPc/9+lp7vmYvHUkfAnzFdqlZoYt9XtMRpcvKgqPSuTVGSBWQgatzDYDnzEnc4Oq\nxYR3UaMSzUEUkVoAy3ZM5DdsJWuUcQPA011hv/mL0w5YeJsG5CrJ9ej7k6YCtOYv\neq0sUJYWDDLYxfyr7yBvHJ7fbq9N9+l+LAyxCqB+DIh2FcHaFe3KoUPSyk7j+Gtf\neuTiddFuJGRBohZLjYFY31jfBFbwa4ziQNrlMtHLA83nFs2ko6hHxx5jY3l3daxH\nmiSLkirJkOHiwR1a4zMYLim8RenY0gVq/Y2O2DN6fK/ARtAUpg0GuSq7wDGGu/tH\nGifRAoIBAQDJZHMqGiuwzh2j9kxySLUPYhL1yXbKmVGM4J7Je7w1ULmfIc9EstSN\nl8WrnKSO+nibfSgi1umiQlaFGAmoUkrbLTBOIJyfI7uBnozL6HiR7C4t4JXJVQWE\n5Hw80qH3gDkr6xqj+6t/Xu8yVhr3P6RfgaYB+C3GqhR6r7Z6JJM1gTLYT+DCbdGr\nZ03zKeVdK73ArpO9bGC1fYAWb+Azab4anx52t2dFSQ4wfoX90DSCqbyxnqNT7Mzl\nZF3xU9xRiKwaoaMZVG22m/DhE5+ZiS07kfioaxVg2iByLUSuQj51KbTgRhbEG7Zn\n7XvxrLWb/qaMbAyvXqZ0xTh/MSnIe+0dAoIBACJuveMkFrxG5Br39PuUXvA7cSvZ\nvYZyFtEaeIT2J9DMuwIiOr+vepxaR3P+K2VJOFsi74BJoGUaOt3jJL2y0D2f2yEO\n4WLPfFXXN1WyohPTVlOzZdVpP32Wq53FpuEz09VO9KEwyIsBj0kmO5huWdqu37S4\nR1HyUN3PpPdt+rf7OY69tgDGdOp3v2BWqJ3vDBtecLzSiu29ELeN49GBzJkvGWNS\nCeCp8iH064y5iNLe4fQx8oPWtsWAriHbecN6aIMft7y0aRRypOMa9oQofYvVyxNO\n8yZXFVj8UioDZUqr6ERyTREgvaG8d6AAUMwBJzXHcham7ER6Eqw9dlmfQN4=\n-----END RSA PRIVATE KEY-----\n",
            "public_key_fingerprint_md5": "5b:d4:4a:fa:b6:f5:87:f1:4d:a4:b3:c0:23:14:5f:27",
            "public_key_fingerprint_sha256": "SHA256:0Gel13YXnWbu3Kp5384ObGyAgvroJvL3HuVOzMmuT74",
            "public_key_openssh": "ssh-rsa AAAAB3NzaC1yc2EAAAADAQABAAACAQDAnYPebrK9VKlghH/w6GqrRoU7e9u+T0xV9UES4moMeow+eN0gDvtEhR0ouIa3M4mNwbgINzeYd/E5EuzVKuAFKgZsDryNubM73pN9aZytITdqOlzhn5Ylejg3RijOmfsIF8d7djpbeQqbjTQNJoEI05LOE2M/XnodBqjunetHHFmCcoVnHMv431ZOU0CMhFdBDc6WuXz1lCMWEmM/Bd96Emw3kAo3PtZlNEdf69QIZAJF6TArBFuxVwpL9mLvasTrEE3KregucqUXUyOVtAZC+H4z8KWsTisnvsCy4B9zvgtYUsXf5Zayx5I+Ofe8bSleZgK2Z8pjc+szttFRQbJjpt3yQ+0PX75EzqRyIRXO0F7c9FEFn/iZcbLWvi0P2WCbHFsS6gI22mR6RdlP8whZ89WMo/i7KxOwf/TFiQFgkJ0UnOULdGEcl0AAb2hKQdvWsn0Dj8/NzKLTiM8xRLvzw3SePA/L86GT7kHbMEFC768CyAu3rNGJarIDYByCVxKmFiWb0VgooaYg72JUt49BgmmMMSuzwHPplYgAX5eze9m73usfmG0CB340FR/bILiWKzijtgTqCgj9+6DGkfFdYA3cJKbxnJpqf3Qc4zYnwdftWfH/Fk2nxjEfy2wFnBo5I0iKQFqGCg/qxkwpOhH64CKjb01S2R0aSm/kCXfNxw==\n",
            "public_key_pem": "-----BEGIN PUBLIC KEY-----\nMIICIjANBgkqhkiG9w0BAQEFAAOCAg8AMIICCgKCAgEAwJ2D3m6yvVSpYIR/8Ohq\nq0aFO3vbvk9MVfVBEuJqDHqMPnjdIA77RIUdKLiGtzOJjcG4CDc3mHfxORLs1Srg\nBSoGbA68jbmzO96TfWmcrSE3ajpc4Z+WJXo4N0Yozpn7CBfHe3Y6W3kKm400DSaB\nCNOSzhNjP156HQao7p3rRxxZgnKFZxzL+N9WTlNAjIRXQQ3Olrl89ZQjFhJjPwXf\nehJsN5AKNz7WZTRHX+vUCGQCRekwKwRbsVcKS/Zi72rE6xBNyq3oLnKlF1MjlbQG\nQvh+M/ClrE4rJ77AsuAfc74LWFLF3+WWsseSPjn3vG0pXmYCtmfKY3PrM7bRUUGy\nY6bd8kPtD1++RM6kciEVztBe3PRRBZ/4mXGy1r4tD9lgmxxbEuoCNtpkekXZT/MI\nWfPVjKP4uysTsH/0xYkBYJCdFJzlC3RhHJdAAG9oSkHb1rJ9A4/Pzcyi04jPMUS7\n88N0njwPy/Ohk+5B2zBBQu+vAsgLt6zRiWqyA2AcglcSphYlm9FYKKGmIO9iVLeP\nQYJpjDErs8Bz6ZWIAF+Xs3vZu97rH5htAgd+NBUf2yC4lis4o7YE6goI/fugxpHx\nXWAN3CSm8Zyaan90HOM2J8HX7Vnx/xZNp8YxH8tsBZwaOSNIikBahgoP6sZMKToR\n+uAio29NUtkdGkpv5Al3zccCAwEAAQ==\n-----END PUBLIC KEY-----\n",
            "rsa_bits": 4096
          },
          "sensitive_attributes": [],
          "private": "bnVsbA==",
          "dependencies": [
            "module.vpc.aws_cloudwatch_log_group.flow_log",
            "module.vpc.aws_customer_gateway.this",
            "module.vpc.aws_db_subnet_group.database",
            "module.vpc.aws_default_network_acl.this",
            "module.vpc.aws_default_route_table.default",
            "module.vpc.aws_default_security_group.this",
            "module.vpc.aws_default_vpc.this",
            "module.vpc.aws_egress_only_internet_gateway.this",
            "module.vpc.aws_eip.nat",
            "module.vpc.aws_elasticache_subnet_group.elasticache",
            "module.vpc.aws_flow_log.this",
            "module.vpc.aws_iam_policy.vpc_flow_log_cloudwatch",
            "module.vpc.aws_iam_role.vpc_flow_log_cloudwatch",
            "module.vpc.aws_iam_role_policy_attachment.vpc_flow_log_cloudwatch",
            "module.vpc.aws_internet_gateway.this",
            "module.vpc.aws_nat_gateway.this",
            "module.vpc.aws_network_acl.database",
            "module.vpc.aws_network_acl.elasticache",
            "module.vpc.aws_network_acl.intra",
            "module.vpc.aws_network_acl.outpost",
            "module.vpc.aws_network_acl.private",
            "module.vpc.aws_network_acl.public",
            "module.vpc.aws_network_acl.redshift",
            "module.vpc.aws_network_acl_rule.database_inbound",
            "module.vpc.aws_network_acl_rule.database_outbound",
            "module.vpc.aws_network_acl_rule.elasticache_inbound",
            "module.vpc.aws_network_acl_rule.elasticache_outbound",
            "module.vpc.aws_network_acl_rule.intra_inbound",
            "module.vpc.aws_network_acl_rule.intra_outbound",
            "module.vpc.aws_network_acl_rule.outpost_inbound",
            "module.vpc.aws_network_acl_rule.outpost_outbound",
            "module.vpc.aws_network_acl_rule.private_inbound",
            "module.vpc.aws_network_acl_rule.private_outbound",
            "module.vpc.aws_network_acl_rule.public_inbound",
            "module.vpc.aws_network_acl_rule.public_outbound",
            "module.vpc.aws_network_acl_rule.redshift_inbound",
            "module.vpc.aws_network_acl_rule.redshift_outbound",
            "module.vpc.aws_redshift_subnet_group.redshift",
            "module.vpc.aws_route.database_internet_gateway",
            "module.vpc.aws_route.database_ipv6_egress",
            "module.vpc.aws_route.database_nat_gateway",
            "module.vpc.aws_route.private_ipv6_egress",
            "module.vpc.aws_route.private_nat_gateway",
            "module.vpc.aws_route.public_internet_gateway",
            "module.vpc.aws_route.public_internet_gateway_ipv6",
            "module.vpc.aws_route_table.database",
            "module.vpc.aws_route_table.elasticache",
            "module.vpc.aws_route_table.intra",
            "module.vpc.aws_route_table.private",
            "module.vpc.aws_route_table.public",
            "module.vpc.aws_route_table.redshift",
            "module.vpc.aws_route_table_association.database",
            "module.vpc.aws_route_table_association.elasticache",
            "module.vpc.aws_route_table_association.intra",
            "module.vpc.aws_route_table_association.outpost",
            "module.vpc.aws_route_table_association.private",
            "module.vpc.aws_route_table_association.public",
            "module.vpc.aws_route_table_association.redshift",
            "module.vpc.aws_route_table_association.redshift_public",
            "module.vpc.aws_subnet.database",
            "module.vpc.aws_subnet.elasticache",
            "module.vpc.aws_subnet.intra",
            "module.vpc.aws_subnet.outpost",
            "module.vpc.aws_subnet.private",
            "module.vpc.aws_subnet.public",
            "module.vpc.aws_subnet.redshift",
            "module.vpc.aws_vpc.this",
            "module.vpc.aws_vpc_dhcp_options.this",
            "module.vpc.aws_vpc_dhcp_options_association.this",
            "module.vpc.aws_vpc_ipv4_cidr_block_association.this",
            "module.vpc.aws_vpn_gateway.this",
            "module.vpc.aws_vpn_gateway_attachment.this",
            "module.vpc.aws_vpn_gateway_route_propagation.intra",
            "module.vpc.aws_vpn_gateway_route_propagation.private",
            "module.vpc.aws_vpn_gateway_route_propagation.public",
            "module.vpc.data.aws_iam_policy_document.flow_log_cloudwatch_assume_role",
            "module.vpc.data.aws_iam_policy_document.vpc_flow_log_cloudwatch"
          ]
        }
      ]
    },
    {
      "module": "module.vpc",
      "mode": "managed",
      "type": "aws_eip",
      "name": "nat",
      "provider": "provider[\"registry.terraform.io/hashicorp/aws\"]",
      "instances": [
        {
          "index_key": 0,
          "schema_version": 0,
          "attributes": {
            "address": null,
            "allocation_id": "eipalloc-0a01b544c0b47d0ad",
            "associate_with_private_ip": null,
            "association_id": "",
            "carrier_ip": "",
            "customer_owned_ip": "",
            "customer_owned_ipv4_pool": "",
            "domain": "vpc",
            "id": "eipalloc-0a01b544c0b47d0ad",
            "instance": "",
            "network_border_group": "us-east-1",
            "network_interface": "",
            "private_dns": null,
            "private_ip": "",
            "public_dns": "ec2-52-4-128-149.compute-1.amazonaws.com",
            "public_ip": "52.4.128.149",
            "public_ipv4_pool": "amazon",
            "tags": {
              "Name": "VPC-us-east-1a"
            },
            "tags_all": {
              "Name": "VPC-us-east-1a"
            },
            "timeouts": null,
            "vpc": true
          },
          "sensitive_attributes": [],
          "private": "eyJlMmJmYjczMC1lY2FhLTExZTYtOGY4OC0zNDM2M2JjN2M0YzAiOnsiZGVsZXRlIjoxODAwMDAwMDAwMDAsInJlYWQiOjkwMDAwMDAwMDAwMCwidXBkYXRlIjozMDAwMDAwMDAwMDB9fQ=="
        }
      ]
    },
    {
      "module": "module.vpc",
      "mode": "managed",
      "type": "aws_internet_gateway",
      "name": "this",
      "provider": "provider[\"registry.terraform.io/hashicorp/aws\"]",
      "instances": [
        {
          "index_key": 0,
          "schema_version": 0,
          "attributes": {
            "arn": "arn:aws:ec2:us-east-1:202496921663:internet-gateway/igw-0516a95ac25048698",
            "id": "igw-0516a95ac25048698",
            "owner_id": "202496921663",
            "tags": {
              "Name": "VPC"
            },
            "tags_all": {
              "Name": "VPC"
            },
            "vpc_id": "vpc-07f54e1494c2223f4"
          },
          "sensitive_attributes": [],
          "private": "bnVsbA==",
          "dependencies": [
            "module.vpc.aws_vpc.this",
            "module.vpc.aws_vpc_ipv4_cidr_block_association.this"
          ]
        }
      ]
    },
    {
      "module": "module.vpc",
      "mode": "managed",
      "type": "aws_nat_gateway",
      "name": "this",
      "provider": "provider[\"registry.terraform.io/hashicorp/aws\"]",
      "instances": [
        {
          "index_key": 0,
          "schema_version": 0,
          "attributes": {
            "allocation_id": "eipalloc-0a01b544c0b47d0ad",
            "connectivity_type": "public",
            "id": "nat-041fe912a95b43154",
            "network_interface_id": "eni-0233766bf22fa140c",
            "private_ip": "172.23.7.151",
            "public_ip": "52.4.128.149",
            "subnet_id": "subnet-0ca3e5d89a93b88b2",
            "tags": {
              "Name": "caldera-test_natgateway"
            },
            "tags_all": {
              "Name": "caldera-test_natgateway"
            }
          },
          "sensitive_attributes": [],
          "private": "bnVsbA==",
          "dependencies": [
            "module.vpc.aws_eip.nat",
            "module.vpc.aws_internet_gateway.this",
            "module.vpc.aws_subnet.public",
            "module.vpc.aws_vpc.this",
            "module.vpc.aws_vpc_ipv4_cidr_block_association.this"
          ]
        }
      ]
    },
    {
      "module": "module.vpc",
      "mode": "managed",
      "type": "aws_route",
      "name": "private_nat_gateway",
      "provider": "provider[\"registry.terraform.io/hashicorp/aws\"]",
      "instances": [
        {
          "index_key": 0,
          "schema_version": 0,
          "attributes": {
            "carrier_gateway_id": "",
            "core_network_arn": "",
            "destination_cidr_block": "0.0.0.0/0",
            "destination_ipv6_cidr_block": "",
            "destination_prefix_list_id": "",
            "egress_only_gateway_id": "",
            "gateway_id": "",
            "id": "r-rtb-0b9b293e8bcd8a2e81080289494",
            "instance_id": "",
            "instance_owner_id": "",
            "local_gateway_id": "",
            "nat_gateway_id": "nat-041fe912a95b43154",
            "network_interface_id": "",
            "origin": "CreateRoute",
            "route_table_id": "rtb-0b9b293e8bcd8a2e8",
            "state": "active",
            "timeouts": {
              "create": "5m",
              "delete": null,
              "update": null
            },
            "transit_gateway_id": "",
            "vpc_endpoint_id": "",
            "vpc_peering_connection_id": ""
          },
          "sensitive_attributes": [],
          "private": "eyJlMmJmYjczMC1lY2FhLTExZTYtOGY4OC0zNDM2M2JjN2M0YzAiOnsiY3JlYXRlIjozMDAwMDAwMDAwMDAsImRlbGV0ZSI6MzAwMDAwMDAwMDAwLCJ1cGRhdGUiOjEyMDAwMDAwMDAwMH19",
          "dependencies": [
            "module.vpc.aws_eip.nat",
            "module.vpc.aws_internet_gateway.this",
            "module.vpc.aws_nat_gateway.this",
            "module.vpc.aws_route_table.private",
            "module.vpc.aws_subnet.public",
            "module.vpc.aws_vpc.this",
            "module.vpc.aws_vpc_ipv4_cidr_block_association.this"
          ]
        }
      ]
    },
    {
      "module": "module.vpc",
      "mode": "managed",
      "type": "aws_route",
      "name": "public_internet_gateway",
      "provider": "provider[\"registry.terraform.io/hashicorp/aws\"]",
      "instances": [
        {
          "index_key": 0,
          "schema_version": 0,
          "attributes": {
            "carrier_gateway_id": "",
            "core_network_arn": "",
            "destination_cidr_block": "0.0.0.0/0",
            "destination_ipv6_cidr_block": "",
            "destination_prefix_list_id": "",
            "egress_only_gateway_id": "",
            "gateway_id": "igw-0516a95ac25048698",
            "id": "r-rtb-01e68441e652745611080289494",
            "instance_id": "",
            "instance_owner_id": "",
            "local_gateway_id": "",
            "nat_gateway_id": "",
            "network_interface_id": "",
            "origin": "CreateRoute",
            "route_table_id": "rtb-01e68441e65274561",
            "state": "active",
            "timeouts": {
              "create": "5m",
              "delete": null,
              "update": null
            },
            "transit_gateway_id": "",
            "vpc_endpoint_id": "",
            "vpc_peering_connection_id": ""
          },
          "sensitive_attributes": [],
          "private": "eyJlMmJmYjczMC1lY2FhLTExZTYtOGY4OC0zNDM2M2JjN2M0YzAiOnsiY3JlYXRlIjozMDAwMDAwMDAwMDAsImRlbGV0ZSI6MzAwMDAwMDAwMDAwLCJ1cGRhdGUiOjEyMDAwMDAwMDAwMH19",
          "dependencies": [
            "module.vpc.aws_internet_gateway.this",
            "module.vpc.aws_route_table.public",
            "module.vpc.aws_vpc.this",
            "module.vpc.aws_vpc_ipv4_cidr_block_association.this"
          ]
        }
      ]
    },
    {
      "module": "module.vpc",
      "mode": "managed",
      "type": "aws_route_table",
      "name": "private",
      "provider": "provider[\"registry.terraform.io/hashicorp/aws\"]",
      "instances": [
        {
          "index_key": 0,
          "schema_version": 0,
          "attributes": {
            "arn": "arn:aws:ec2:us-east-1:202496921663:route-table/rtb-0b9b293e8bcd8a2e8",
            "id": "rtb-0b9b293e8bcd8a2e8",
            "owner_id": "202496921663",
            "propagating_vgws": [],
            "route": [],
            "tags": {
              "Name": "VPC-private"
            },
            "tags_all": {
              "Name": "VPC-private"
            },
            "timeouts": null,
            "vpc_id": "vpc-07f54e1494c2223f4"
          },
          "sensitive_attributes": [],
          "private": "eyJlMmJmYjczMC1lY2FhLTExZTYtOGY4OC0zNDM2M2JjN2M0YzAiOnsiY3JlYXRlIjozMDAwMDAwMDAwMDAsImRlbGV0ZSI6MzAwMDAwMDAwMDAwLCJ1cGRhdGUiOjEyMDAwMDAwMDAwMH19",
          "dependencies": [
            "module.vpc.aws_vpc.this",
            "module.vpc.aws_vpc_ipv4_cidr_block_association.this"
          ]
        }
      ]
    },
    {
      "module": "module.vpc",
      "mode": "managed",
      "type": "aws_route_table",
      "name": "public",
      "provider": "provider[\"registry.terraform.io/hashicorp/aws\"]",
      "instances": [
        {
          "index_key": 0,
          "schema_version": 0,
          "attributes": {
            "arn": "arn:aws:ec2:us-east-1:202496921663:route-table/rtb-01e68441e65274561",
            "id": "rtb-01e68441e65274561",
            "owner_id": "202496921663",
            "propagating_vgws": [],
            "route": [],
            "tags": {
              "Name": "VPC-public"
            },
            "tags_all": {
              "Name": "VPC-public"
            },
            "timeouts": null,
            "vpc_id": "vpc-07f54e1494c2223f4"
          },
          "sensitive_attributes": [],
          "private": "eyJlMmJmYjczMC1lY2FhLTExZTYtOGY4OC0zNDM2M2JjN2M0YzAiOnsiY3JlYXRlIjozMDAwMDAwMDAwMDAsImRlbGV0ZSI6MzAwMDAwMDAwMDAwLCJ1cGRhdGUiOjEyMDAwMDAwMDAwMH19",
          "dependencies": [
            "module.vpc.aws_vpc.this",
            "module.vpc.aws_vpc_ipv4_cidr_block_association.this"
          ]
        }
      ]
    },
    {
      "module": "module.vpc",
      "mode": "managed",
      "type": "aws_route_table_association",
      "name": "private",
      "provider": "provider[\"registry.terraform.io/hashicorp/aws\"]",
      "instances": [
        {
          "index_key": 0,
          "schema_version": 0,
          "attributes": {
            "gateway_id": "",
            "id": "rtbassoc-08d82825cbddc9a96",
            "route_table_id": "rtb-0b9b293e8bcd8a2e8",
            "subnet_id": "subnet-05ce00de48359b7f1"
          },
          "sensitive_attributes": [],
          "private": "bnVsbA==",
          "dependencies": [
            "module.vpc.aws_route_table.private",
            "module.vpc.aws_subnet.private",
            "module.vpc.aws_vpc.this",
            "module.vpc.aws_vpc_ipv4_cidr_block_association.this"
          ]
        },
        {
          "index_key": 1,
          "schema_version": 0,
          "attributes": {
            "gateway_id": "",
            "id": "rtbassoc-0d116dd7c48438c2d",
            "route_table_id": "rtb-0b9b293e8bcd8a2e8",
            "subnet_id": "subnet-0dc80d9d5f0346150"
          },
          "sensitive_attributes": [],
          "private": "bnVsbA==",
          "dependencies": [
            "module.vpc.aws_route_table.private",
            "module.vpc.aws_subnet.private",
            "module.vpc.aws_vpc.this",
            "module.vpc.aws_vpc_ipv4_cidr_block_association.this"
          ]
        },
        {
          "index_key": 2,
          "schema_version": 0,
          "attributes": {
            "gateway_id": "",
            "id": "rtbassoc-07c061fa599bff6a3",
            "route_table_id": "rtb-0b9b293e8bcd8a2e8",
            "subnet_id": "subnet-0d4c953a18379ff14"
          },
          "sensitive_attributes": [],
          "private": "bnVsbA==",
          "dependencies": [
            "module.vpc.aws_route_table.private",
            "module.vpc.aws_subnet.private",
            "module.vpc.aws_vpc.this",
            "module.vpc.aws_vpc_ipv4_cidr_block_association.this"
          ]
        },
        {
          "index_key": 3,
          "schema_version": 0,
          "attributes": {
            "gateway_id": "",
            "id": "rtbassoc-092b1a964c56f96a8",
            "route_table_id": "rtb-0b9b293e8bcd8a2e8",
            "subnet_id": "subnet-0b88ecb4cc022dfe9"
          },
          "sensitive_attributes": [],
          "private": "bnVsbA==",
          "dependencies": [
            "module.vpc.aws_route_table.private",
            "module.vpc.aws_subnet.private",
            "module.vpc.aws_vpc.this",
            "module.vpc.aws_vpc_ipv4_cidr_block_association.this"
          ]
        },
        {
          "index_key": 4,
          "schema_version": 0,
          "attributes": {
            "gateway_id": "",
            "id": "rtbassoc-0a99da1ebf9f43384",
            "route_table_id": "rtb-0b9b293e8bcd8a2e8",
            "subnet_id": "subnet-058dbce57b0729e27"
          },
          "sensitive_attributes": [],
          "private": "bnVsbA==",
          "dependencies": [
            "module.vpc.aws_route_table.private",
            "module.vpc.aws_subnet.private",
            "module.vpc.aws_vpc.this",
            "module.vpc.aws_vpc_ipv4_cidr_block_association.this"
          ]
        }
      ]
    },
    {
      "module": "module.vpc",
      "mode": "managed",
      "type": "aws_route_table_association",
      "name": "public",
      "provider": "provider[\"registry.terraform.io/hashicorp/aws\"]",
      "instances": [
        {
          "index_key": 0,
          "schema_version": 0,
          "attributes": {
            "gateway_id": "",
            "id": "rtbassoc-096b5f8239c75c465",
            "route_table_id": "rtb-01e68441e65274561",
            "subnet_id": "subnet-0ca3e5d89a93b88b2"
          },
          "sensitive_attributes": [],
          "private": "bnVsbA==",
          "dependencies": [
            "module.vpc.aws_route_table.public",
            "module.vpc.aws_subnet.public",
            "module.vpc.aws_vpc.this",
            "module.vpc.aws_vpc_ipv4_cidr_block_association.this"
          ]
        },
        {
          "index_key": 1,
          "schema_version": 0,
          "attributes": {
            "gateway_id": "",
            "id": "rtbassoc-001dcc0a3b3c604ec",
            "route_table_id": "rtb-01e68441e65274561",
            "subnet_id": "subnet-0bef95494f584e6c2"
          },
          "sensitive_attributes": [],
          "private": "bnVsbA==",
          "dependencies": [
            "module.vpc.aws_route_table.public",
            "module.vpc.aws_subnet.public",
            "module.vpc.aws_vpc.this",
            "module.vpc.aws_vpc_ipv4_cidr_block_association.this"
          ]
        },
        {
          "index_key": 2,
          "schema_version": 0,
          "attributes": {
            "gateway_id": "",
            "id": "rtbassoc-041e976709cf27df9",
            "route_table_id": "rtb-01e68441e65274561",
            "subnet_id": "subnet-0d8fa1cea728deec7"
          },
          "sensitive_attributes": [],
          "private": "bnVsbA==",
          "dependencies": [
            "module.vpc.aws_route_table.public",
            "module.vpc.aws_subnet.public",
            "module.vpc.aws_vpc.this",
            "module.vpc.aws_vpc_ipv4_cidr_block_association.this"
          ]
        },
        {
          "index_key": 3,
          "schema_version": 0,
          "attributes": {
            "gateway_id": "",
            "id": "rtbassoc-08bb3a5e8e8255169",
            "route_table_id": "rtb-01e68441e65274561",
            "subnet_id": "subnet-0b03baec21fe0ca7d"
          },
          "sensitive_attributes": [],
          "private": "bnVsbA==",
          "dependencies": [
            "module.vpc.aws_route_table.public",
            "module.vpc.aws_subnet.public",
            "module.vpc.aws_vpc.this",
            "module.vpc.aws_vpc_ipv4_cidr_block_association.this"
          ]
        },
        {
          "index_key": 4,
          "schema_version": 0,
          "attributes": {
            "gateway_id": "",
            "id": "rtbassoc-0880f1108385d3c66",
            "route_table_id": "rtb-01e68441e65274561",
            "subnet_id": "subnet-06efddd866eabc9e3"
          },
          "sensitive_attributes": [],
          "private": "bnVsbA==",
          "dependencies": [
            "module.vpc.aws_route_table.public",
            "module.vpc.aws_subnet.public",
            "module.vpc.aws_vpc.this",
            "module.vpc.aws_vpc_ipv4_cidr_block_association.this"
          ]
        }
      ]
    },
    {
      "module": "module.vpc",
      "mode": "managed",
      "type": "aws_subnet",
      "name": "private",
      "provider": "provider[\"registry.terraform.io/hashicorp/aws\"]",
      "instances": [
        {
          "index_key": 0,
          "schema_version": 1,
          "attributes": {
            "arn": "arn:aws:ec2:us-east-1:202496921663:subnet/subnet-05ce00de48359b7f1",
            "assign_ipv6_address_on_creation": false,
            "availability_zone": "us-east-1a",
            "availability_zone_id": "use1-az2",
            "cidr_block": "172.23.0.0/22",
            "customer_owned_ipv4_pool": "",
            "enable_dns64": false,
            "enable_resource_name_dns_a_record_on_launch": false,
            "enable_resource_name_dns_aaaa_record_on_launch": false,
            "id": "subnet-05ce00de48359b7f1",
            "ipv6_cidr_block": "",
            "ipv6_cidr_block_association_id": "",
            "ipv6_native": false,
            "map_customer_owned_ip_on_launch": false,
            "map_public_ip_on_launch": false,
            "outpost_arn": "",
            "owner_id": "202496921663",
            "private_dns_hostname_type_on_launch": "ip-name",
            "tags": {
              "Name": "caldera-test_private"
            },
            "tags_all": {
              "Name": "caldera-test_private"
            },
            "timeouts": null,
            "vpc_id": "vpc-07f54e1494c2223f4"
          },
          "sensitive_attributes": [],
          "private": "eyJlMmJmYjczMC1lY2FhLTExZTYtOGY4OC0zNDM2M2JjN2M0YzAiOnsiY3JlYXRlIjo2MDAwMDAwMDAwMDAsImRlbGV0ZSI6MTIwMDAwMDAwMDAwMH0sInNjaGVtYV92ZXJzaW9uIjoiMSJ9",
          "dependencies": [
            "module.vpc.aws_vpc.this",
            "module.vpc.aws_vpc_ipv4_cidr_block_association.this"
          ]
        },
        {
          "index_key": 1,
          "schema_version": 1,
          "attributes": {
            "arn": "arn:aws:ec2:us-east-1:202496921663:subnet/subnet-0dc80d9d5f0346150",
            "assign_ipv6_address_on_creation": false,
            "availability_zone": "us-east-1b",
            "availability_zone_id": "use1-az4",
            "cidr_block": "172.23.32.0/22",
            "customer_owned_ipv4_pool": "",
            "enable_dns64": false,
            "enable_resource_name_dns_a_record_on_launch": false,
            "enable_resource_name_dns_aaaa_record_on_launch": false,
            "id": "subnet-0dc80d9d5f0346150",
            "ipv6_cidr_block": "",
            "ipv6_cidr_block_association_id": "",
            "ipv6_native": false,
            "map_customer_owned_ip_on_launch": false,
            "map_public_ip_on_launch": false,
            "outpost_arn": "",
            "owner_id": "202496921663",
            "private_dns_hostname_type_on_launch": "ip-name",
            "tags": {
              "Name": "caldera-test_private"
            },
            "tags_all": {
              "Name": "caldera-test_private"
            },
            "timeouts": null,
            "vpc_id": "vpc-07f54e1494c2223f4"
          },
          "sensitive_attributes": [],
          "private": "eyJlMmJmYjczMC1lY2FhLTExZTYtOGY4OC0zNDM2M2JjN2M0YzAiOnsiY3JlYXRlIjo2MDAwMDAwMDAwMDAsImRlbGV0ZSI6MTIwMDAwMDAwMDAwMH0sInNjaGVtYV92ZXJzaW9uIjoiMSJ9",
          "dependencies": [
            "module.vpc.aws_vpc.this",
            "module.vpc.aws_vpc_ipv4_cidr_block_association.this"
          ]
        },
        {
          "index_key": 2,
          "schema_version": 1,
          "attributes": {
            "arn": "arn:aws:ec2:us-east-1:202496921663:subnet/subnet-0d4c953a18379ff14",
            "assign_ipv6_address_on_creation": false,
            "availability_zone": "us-east-1c",
            "availability_zone_id": "use1-az6",
            "cidr_block": "172.23.64.0/22",
            "customer_owned_ipv4_pool": "",
            "enable_dns64": false,
            "enable_resource_name_dns_a_record_on_launch": false,
            "enable_resource_name_dns_aaaa_record_on_launch": false,
            "id": "subnet-0d4c953a18379ff14",
            "ipv6_cidr_block": "",
            "ipv6_cidr_block_association_id": "",
            "ipv6_native": false,
            "map_customer_owned_ip_on_launch": false,
            "map_public_ip_on_launch": false,
            "outpost_arn": "",
            "owner_id": "202496921663",
            "private_dns_hostname_type_on_launch": "ip-name",
            "tags": {
              "Name": "caldera-test_private"
            },
            "tags_all": {
              "Name": "caldera-test_private"
            },
            "timeouts": null,
            "vpc_id": "vpc-07f54e1494c2223f4"
          },
          "sensitive_attributes": [],
          "private": "eyJlMmJmYjczMC1lY2FhLTExZTYtOGY4OC0zNDM2M2JjN2M0YzAiOnsiY3JlYXRlIjo2MDAwMDAwMDAwMDAsImRlbGV0ZSI6MTIwMDAwMDAwMDAwMH0sInNjaGVtYV92ZXJzaW9uIjoiMSJ9",
          "dependencies": [
            "module.vpc.aws_vpc.this",
            "module.vpc.aws_vpc_ipv4_cidr_block_association.this"
          ]
        },
        {
          "index_key": 3,
          "schema_version": 1,
          "attributes": {
            "arn": "arn:aws:ec2:us-east-1:202496921663:subnet/subnet-0b88ecb4cc022dfe9",
            "assign_ipv6_address_on_creation": false,
            "availability_zone": "us-east-1d",
            "availability_zone_id": "use1-az1",
            "cidr_block": "172.23.96.0/22",
            "customer_owned_ipv4_pool": "",
            "enable_dns64": false,
            "enable_resource_name_dns_a_record_on_launch": false,
            "enable_resource_name_dns_aaaa_record_on_launch": false,
            "id": "subnet-0b88ecb4cc022dfe9",
            "ipv6_cidr_block": "",
            "ipv6_cidr_block_association_id": "",
            "ipv6_native": false,
            "map_customer_owned_ip_on_launch": false,
            "map_public_ip_on_launch": false,
            "outpost_arn": "",
            "owner_id": "202496921663",
            "private_dns_hostname_type_on_launch": "ip-name",
            "tags": {
              "Name": "caldera-test_private"
            },
            "tags_all": {
              "Name": "caldera-test_private"
            },
            "timeouts": null,
            "vpc_id": "vpc-07f54e1494c2223f4"
          },
          "sensitive_attributes": [],
          "private": "eyJlMmJmYjczMC1lY2FhLTExZTYtOGY4OC0zNDM2M2JjN2M0YzAiOnsiY3JlYXRlIjo2MDAwMDAwMDAwMDAsImRlbGV0ZSI6MTIwMDAwMDAwMDAwMH0sInNjaGVtYV92ZXJzaW9uIjoiMSJ9",
          "dependencies": [
            "module.vpc.aws_vpc.this",
            "module.vpc.aws_vpc_ipv4_cidr_block_association.this"
          ]
        },
        {
          "index_key": 4,
          "schema_version": 1,
          "attributes": {
            "arn": "arn:aws:ec2:us-east-1:202496921663:subnet/subnet-058dbce57b0729e27",
            "assign_ipv6_address_on_creation": false,
            "availability_zone": "us-east-1f",
            "availability_zone_id": "use1-az5",
            "cidr_block": "172.23.160.0/22",
            "customer_owned_ipv4_pool": "",
            "enable_dns64": false,
            "enable_resource_name_dns_a_record_on_launch": false,
            "enable_resource_name_dns_aaaa_record_on_launch": false,
            "id": "subnet-058dbce57b0729e27",
            "ipv6_cidr_block": "",
            "ipv6_cidr_block_association_id": "",
            "ipv6_native": false,
            "map_customer_owned_ip_on_launch": false,
            "map_public_ip_on_launch": false,
            "outpost_arn": "",
            "owner_id": "202496921663",
            "private_dns_hostname_type_on_launch": "ip-name",
            "tags": {
              "Name": "caldera-test_private"
            },
            "tags_all": {
              "Name": "caldera-test_private"
            },
            "timeouts": null,
            "vpc_id": "vpc-07f54e1494c2223f4"
          },
          "sensitive_attributes": [],
          "private": "eyJlMmJmYjczMC1lY2FhLTExZTYtOGY4OC0zNDM2M2JjN2M0YzAiOnsiY3JlYXRlIjo2MDAwMDAwMDAwMDAsImRlbGV0ZSI6MTIwMDAwMDAwMDAwMH0sInNjaGVtYV92ZXJzaW9uIjoiMSJ9",
          "dependencies": [
            "module.vpc.aws_vpc.this",
            "module.vpc.aws_vpc_ipv4_cidr_block_association.this"
          ]
        }
      ]
    },
    {
      "module": "module.vpc",
      "mode": "managed",
      "type": "aws_subnet",
      "name": "public",
      "provider": "provider[\"registry.terraform.io/hashicorp/aws\"]",
      "instances": [
        {
          "index_key": 0,
          "schema_version": 1,
          "attributes": {
            "arn": "arn:aws:ec2:us-east-1:202496921663:subnet/subnet-0ca3e5d89a93b88b2",
            "assign_ipv6_address_on_creation": false,
            "availability_zone": "us-east-1a",
            "availability_zone_id": "use1-az2",
            "cidr_block": "172.23.4.0/22",
            "customer_owned_ipv4_pool": "",
            "enable_dns64": false,
            "enable_resource_name_dns_a_record_on_launch": false,
            "enable_resource_name_dns_aaaa_record_on_launch": false,
            "id": "subnet-0ca3e5d89a93b88b2",
            "ipv6_cidr_block": "",
            "ipv6_cidr_block_association_id": "",
            "ipv6_native": false,
            "map_customer_owned_ip_on_launch": false,
            "map_public_ip_on_launch": true,
            "outpost_arn": "",
            "owner_id": "202496921663",
            "private_dns_hostname_type_on_launch": "ip-name",
            "tags": {
              "Name": "caldera-test_public"
            },
            "tags_all": {
              "Name": "caldera-test_public"
            },
            "timeouts": null,
            "vpc_id": "vpc-07f54e1494c2223f4"
          },
          "sensitive_attributes": [],
          "private": "eyJlMmJmYjczMC1lY2FhLTExZTYtOGY4OC0zNDM2M2JjN2M0YzAiOnsiY3JlYXRlIjo2MDAwMDAwMDAwMDAsImRlbGV0ZSI6MTIwMDAwMDAwMDAwMH0sInNjaGVtYV92ZXJzaW9uIjoiMSJ9",
          "dependencies": [
            "module.vpc.aws_vpc.this",
            "module.vpc.aws_vpc_ipv4_cidr_block_association.this"
          ]
        },
        {
          "index_key": 1,
          "schema_version": 1,
          "attributes": {
            "arn": "arn:aws:ec2:us-east-1:202496921663:subnet/subnet-0bef95494f584e6c2",
            "assign_ipv6_address_on_creation": false,
            "availability_zone": "us-east-1b",
            "availability_zone_id": "use1-az4",
            "cidr_block": "172.23.36.0/22",
            "customer_owned_ipv4_pool": "",
            "enable_dns64": false,
            "enable_resource_name_dns_a_record_on_launch": false,
            "enable_resource_name_dns_aaaa_record_on_launch": false,
            "id": "subnet-0bef95494f584e6c2",
            "ipv6_cidr_block": "",
            "ipv6_cidr_block_association_id": "",
            "ipv6_native": false,
            "map_customer_owned_ip_on_launch": false,
            "map_public_ip_on_launch": true,
            "outpost_arn": "",
            "owner_id": "202496921663",
            "private_dns_hostname_type_on_launch": "ip-name",
            "tags": {
              "Name": "caldera-test_public"
            },
            "tags_all": {
              "Name": "caldera-test_public"
            },
            "timeouts": null,
            "vpc_id": "vpc-07f54e1494c2223f4"
          },
          "sensitive_attributes": [],
          "private": "eyJlMmJmYjczMC1lY2FhLTExZTYtOGY4OC0zNDM2M2JjN2M0YzAiOnsiY3JlYXRlIjo2MDAwMDAwMDAwMDAsImRlbGV0ZSI6MTIwMDAwMDAwMDAwMH0sInNjaGVtYV92ZXJzaW9uIjoiMSJ9",
          "dependencies": [
            "module.vpc.aws_vpc.this",
            "module.vpc.aws_vpc_ipv4_cidr_block_association.this"
          ]
        },
        {
          "index_key": 2,
          "schema_version": 1,
          "attributes": {
            "arn": "arn:aws:ec2:us-east-1:202496921663:subnet/subnet-0d8fa1cea728deec7",
            "assign_ipv6_address_on_creation": false,
            "availability_zone": "us-east-1c",
            "availability_zone_id": "use1-az6",
            "cidr_block": "172.23.68.0/22",
            "customer_owned_ipv4_pool": "",
            "enable_dns64": false,
            "enable_resource_name_dns_a_record_on_launch": false,
            "enable_resource_name_dns_aaaa_record_on_launch": false,
            "id": "subnet-0d8fa1cea728deec7",
            "ipv6_cidr_block": "",
            "ipv6_cidr_block_association_id": "",
            "ipv6_native": false,
            "map_customer_owned_ip_on_launch": false,
            "map_public_ip_on_launch": true,
            "outpost_arn": "",
            "owner_id": "202496921663",
            "private_dns_hostname_type_on_launch": "ip-name",
            "tags": {
              "Name": "caldera-test_public"
            },
            "tags_all": {
              "Name": "caldera-test_public"
            },
            "timeouts": null,
            "vpc_id": "vpc-07f54e1494c2223f4"
          },
          "sensitive_attributes": [],
          "private": "eyJlMmJmYjczMC1lY2FhLTExZTYtOGY4OC0zNDM2M2JjN2M0YzAiOnsiY3JlYXRlIjo2MDAwMDAwMDAwMDAsImRlbGV0ZSI6MTIwMDAwMDAwMDAwMH0sInNjaGVtYV92ZXJzaW9uIjoiMSJ9",
          "dependencies": [
            "module.vpc.aws_vpc.this",
            "module.vpc.aws_vpc_ipv4_cidr_block_association.this"
          ]
        },
        {
          "index_key": 3,
          "schema_version": 1,
          "attributes": {
            "arn": "arn:aws:ec2:us-east-1:202496921663:subnet/subnet-0b03baec21fe0ca7d",
            "assign_ipv6_address_on_creation": false,
            "availability_zone": "us-east-1d",
            "availability_zone_id": "use1-az1",
            "cidr_block": "172.23.100.0/22",
            "customer_owned_ipv4_pool": "",
            "enable_dns64": false,
            "enable_resource_name_dns_a_record_on_launch": false,
            "enable_resource_name_dns_aaaa_record_on_launch": false,
            "id": "subnet-0b03baec21fe0ca7d",
            "ipv6_cidr_block": "",
            "ipv6_cidr_block_association_id": "",
            "ipv6_native": false,
            "map_customer_owned_ip_on_launch": false,
            "map_public_ip_on_launch": true,
            "outpost_arn": "",
            "owner_id": "202496921663",
            "private_dns_hostname_type_on_launch": "ip-name",
            "tags": {
              "Name": "caldera-test_public"
            },
            "tags_all": {
              "Name": "caldera-test_public"
            },
            "timeouts": null,
            "vpc_id": "vpc-07f54e1494c2223f4"
          },
          "sensitive_attributes": [],
          "private": "eyJlMmJmYjczMC1lY2FhLTExZTYtOGY4OC0zNDM2M2JjN2M0YzAiOnsiY3JlYXRlIjo2MDAwMDAwMDAwMDAsImRlbGV0ZSI6MTIwMDAwMDAwMDAwMH0sInNjaGVtYV92ZXJzaW9uIjoiMSJ9",
          "dependencies": [
            "module.vpc.aws_vpc.this",
            "module.vpc.aws_vpc_ipv4_cidr_block_association.this"
          ]
        },
        {
          "index_key": 4,
          "schema_version": 1,
          "attributes": {
            "arn": "arn:aws:ec2:us-east-1:202496921663:subnet/subnet-06efddd866eabc9e3",
            "assign_ipv6_address_on_creation": false,
            "availability_zone": "us-east-1f",
            "availability_zone_id": "use1-az5",
            "cidr_block": "172.23.164.0/22",
            "customer_owned_ipv4_pool": "",
            "enable_dns64": false,
            "enable_resource_name_dns_a_record_on_launch": false,
            "enable_resource_name_dns_aaaa_record_on_launch": false,
            "id": "subnet-06efddd866eabc9e3",
            "ipv6_cidr_block": "",
            "ipv6_cidr_block_association_id": "",
            "ipv6_native": false,
            "map_customer_owned_ip_on_launch": false,
            "map_public_ip_on_launch": true,
            "outpost_arn": "",
            "owner_id": "202496921663",
            "private_dns_hostname_type_on_launch": "ip-name",
            "tags": {
              "Name": "caldera-test_public"
            },
            "tags_all": {
              "Name": "caldera-test_public"
            },
            "timeouts": null,
            "vpc_id": "vpc-07f54e1494c2223f4"
          },
          "sensitive_attributes": [],
          "private": "eyJlMmJmYjczMC1lY2FhLTExZTYtOGY4OC0zNDM2M2JjN2M0YzAiOnsiY3JlYXRlIjo2MDAwMDAwMDAwMDAsImRlbGV0ZSI6MTIwMDAwMDAwMDAwMH0sInNjaGVtYV92ZXJzaW9uIjoiMSJ9",
          "dependencies": [
            "module.vpc.aws_vpc.this",
            "module.vpc.aws_vpc_ipv4_cidr_block_association.this"
          ]
        }
      ]
    },
    {
      "module": "module.vpc",
      "mode": "managed",
      "type": "aws_vpc",
      "name": "this",
      "provider": "provider[\"registry.terraform.io/hashicorp/aws\"]",
      "instances": [
        {
          "index_key": 0,
          "schema_version": 1,
          "attributes": {
            "arn": "arn:aws:ec2:us-east-1:202496921663:vpc/vpc-07f54e1494c2223f4",
            "assign_generated_ipv6_cidr_block": false,
            "cidr_block": "172.23.0.0/16",
            "default_network_acl_id": "acl-0f7aab91bca68016c",
            "default_route_table_id": "rtb-09d4d3338db4c2b7c",
            "default_security_group_id": "sg-0f723dbdba2d1417b",
            "dhcp_options_id": "dopt-0b72f9281d38f4c68",
            "enable_classiclink": false,
            "enable_classiclink_dns_support": false,
            "enable_dns_hostnames": true,
            "enable_dns_support": true,
            "id": "vpc-07f54e1494c2223f4",
            "instance_tenancy": "default",
            "ipv4_ipam_pool_id": null,
            "ipv4_netmask_length": null,
            "ipv6_association_id": "",
            "ipv6_cidr_block": "",
            "ipv6_cidr_block_network_border_group": "",
            "ipv6_ipam_pool_id": "",
            "ipv6_netmask_length": 0,
            "main_route_table_id": "rtb-09d4d3338db4c2b7c",
            "owner_id": "202496921663",
            "tags": {
              "Name": "VPC"
            },
            "tags_all": {
              "Name": "VPC"
            }
          },
          "sensitive_attributes": [],
          "private": "eyJzY2hlbWFfdmVyc2lvbiI6IjEifQ=="
        }
      ]
    }
  ]
}
