{
  "version": 4,
  "terraform_version": "1.2.3",
  "serial": 33,
  "lineage": "aace0d0e-b56d-8b79-ed0d-c26c18c82e00",
  "outputs": {
    "caldera_server_ip": {
      "value": "3.94.109.36",
      "type": "string"
    },
    "rsa_private_key": {
      "value": "-----BEGIN RSA PRIVATE KEY-----\nMIIJKQIBAAKCAgEAsD0Ww5X0+M9IoE2tjfRzM0IgkH05nImZ0r1a/SNmJ/Sb43IW\nC0SKmMcVPHe2T74sUFD4PRYret930m28E81dX159/FRaFs1vYJA2BpeXxKC4WXUP\ngHwfE6PH32WwPF17EmkYvxEUFTUa/MwK342KYqobjpNnlA5nm/hpSzJJRFBO4qJv\nWggKtQvZXv1gxFC0Vnz1DBz6pjB4nhbpf2G1f0tKWMbWekGGDCb2scEzS7uHoQ5d\nww0qQtKValjMg1ytvCm1QZyXfigcVOfLEjtfBeUAJ8VYmV75DemkRaWZQ6rYD54W\nQcOGGqXQ8FUnj4OAKAGJGx96jJOJlsClc7AIKHVCoCIaMyje2l7ACZ3+TeefVorP\n1sOSa2GeOnPZKJLwCktZfH7jtQjqJ6h2VVvidBVKwSvyWPwg8unro2Dliu8OAJVK\nlJI2Zh92wkS0pmN4mt0NK1wUp+0dJocXULfIPK5i+8FmIzfnkJLWrXfK4AABH3lK\n2UmhFf7jqzAzCY3fNq1AP00aj9aTtSvEbXyidCrUk5WiCAkE9Rk29tBIXe3p2oVb\nvprEr3GBzurr7TL8y31UjjE4LddznTFR9QFnDitpF2D4B4viKyJgYvFZbsfK7UfW\nFuI4x4IKroHKvQ8B0CoUlV+bA/D+sxLCk8gAyxmU0h9azs8re0QTPgMvrbsCAwEA\nAQKCAgA7L3jKnDyVpj8UnqGPT620ZBu9imBjoo5HCJJa+p1fA7Wqb3DZvd3xqsIF\n+Yn/Q7VsD5UeJqjZbdy2jWWhHNGjqn8S010h1UH3ItcR5azxOqxOVpKrKoPhO5pu\n+p5x107ygtrtp5Wf/aKfjQKFyunTcp8ohXY+cYv4BDeQKkYSrAmh8L0GdjbqUB1i\n2iK6KwQ1G2fL9ptyXkrThIxL3AtwwV8pazUx/3k98YPddC1+3G6S9tkkHPK5WDEX\nctTTtLcfvr4BV85EbsH8/Y7kA45I03v23z5+2zc2peUmApPy9pfyvrtowHnzzwXZ\nAC/18UqDpOhfdHXaad3GA9JMhKxoIsmwQJXO6rSv51eP5spBbF6mEEIGihDBLpzj\nq91VxZ+Yw/G3u57sNm+J+llIuGDjZ0HaY4IJcodPAsCb1jxKA3K/IBMUg8p6SwO4\nk3H7oS1RmCVFhvP+OICv4eDbLwMp96lW0tnT0MSRqONNLGeijCsKdN7O35HXIiws\nxfFWWJZ1hPPSRJ5hfzeTGPG/p6OYkww7fy1wBXyAuDTr9jQrN+fwFh3smTtuTGIX\nsVG+a3rxZbiXeq1U0S5i2UpX6pRFG6+YHtgzjzmtZxWnWYPm9/MD6jlk9RfiwK4O\ngm2q6hOdbVqG8ANfrbR6WTG5NaarDvaQKcqHzbDx0kSCkux7UQKCAQEAxKG4oVpM\nLKQMFjLYrhE7c5qj57qs2O7rkqXc71z4pE/1KC82pp8N2RsLZoyqop9AgMfTF3Ky\ndWa4U0joy0PZ29aujsP3+aEv4RAn6TkWIZ95tBHdO49rXpGTUj6Jmy587N5zYO6a\nfLnGUTmGz6eOzdOQ2rZhTby9B7ZMjitCttAa9m1NmUhF1NquhZMGlnqFVSZQ3HxA\n9hhiEJDBm80bos7kSy1ZtHZPel45dtKWDlPqMkkv55rI+nYCnSZVqG3rIc/ayvVa\n4YHQODIhS8LX4NR90/QQSzNmKIQcBohSl09c0mxV6Tn9G67jj971cpWyTw1BiPoT\nrELFYb6xhEZ46QKCAQEA5XMfMR5zI9/0s8cjEXhD2GjvFmuulekfh4cswrzFJ4vN\n3T3vGp5tgF9WZL8SNsihUpeXg3KTvBKlY5y7UbCfsFmpcGfrsUPk9NSqfQuD7/9F\nsIa8rs3H5c58t0lh9AOM5JhV8KITI+261tAbvPX0V9uGFTgg29yjo+ojvaGCHxWN\nCT3ZAN+PNTQStINl1ggbPJZ3uUO//byjWzbtIlWsHeoq1h1JkEROrtgSDuAskaTD\njhbPvTZANMKnjUJNOrShXm5sSDbrQA+OAOh/JCMd7HD51MJK6IaHHGdfwBrXV6VV\n/A8RYiLq4a+bnWiKLvFCV/B6+8A4NVwUEwohs3BLAwKCAQB/JoCoviZh+5bhR/H7\n5aLHJ6lzsLAS+7STuPO8SSdzwUyrtpQlfNbMnINrxeyViluAqzbig8XIyyrImG4I\n+xBG63UnVqvk3YmDhRn543NfPKvLeH3SBPUOSx6z4ULEeXRJC7Qaa1C09MC8R3HY\nl+ZtTLDv7V3Qkgq+kPDCQlE6vCmjTp0OUMDvWpXeRGvPJN1RaZyCZ0rumGfZhHHe\nGO0VA6p2vpWyb4sHeyS3pIdqLnNUHyV+JAZwh507F83uQ134GFvIQI6LIpGNtUT4\no79LYL0ZMUrUBiG6c2tYAhE+TRCd9XY8gcYdf6MhprCbbxfFrLHDLMtJ6keO5GwQ\nOC35AoIBAQCkhpz6KpxjQAaGFqfFshfsCKpPyF0Cr4vlMX9eD9/LEItINk3KJ4nb\nQAGB8iRMViafQ4XoQnM+q5weRldnJyAKYvCFYm71x/pXuFqbmXM81y2Qe7y2F2Zc\nGWkCQENVpmoTzEvrZTwWSjPsLoOFRlOz3/xQINQm8xn/wjdolXPpeBmOY+PDpYpZ\nmwJCn+mYxG1LT5V/qd30QpxcHpGBSi9FsBCRQaTrJp/I7bRdKE+tC5kRvLevNERr\n0Jw2RTF9g+ImBUXtrjuXzs+DRTNNpUSiswvhjIQMIdKmAlX9OQHqnep++Ar99I25\n0KLkBv721BY/WnfFJzrmwCTA1kX+FeojAoIBAQCXAtsIreTgd1xonpIOJcN70kNe\nwgCSB9JIcpM7BciKK5JAxp+ENCRyPQJe+6oYNCafMgBibs+wKGx9/glyvmo+DlAZ\ncHfss75VFdb1/bbzg0mZ6VuegLanUcZEZbQ0dxkzrizx20nCvkDRg1VdJuKHz9WU\nqLwymNw6zkqttgg+nHTckVmWygy4Fq1Lo2b63fTZlOBa5M1DB7duCHaPFtFROkXg\nM7gttzKl3nQBMgpdOfnoGgO1sPCVuPPrn5sjxwZScZ2UWOD/cMv+lFCht2ERud53\n53hkTfvmHz6Co9lWhMw3YBkGdi6QTiCrr4ehCL2X+uhRzn2Oh+r0xtQbhh6i\n-----END RSA PRIVATE KEY-----\n",
      "type": "string"
    }
  },
  "resources": [
    {
      "mode": "managed",
      "type": "aws_instance",
      "name": "caldera_server",
      "provider": "provider[\"registry.terraform.io/hashicorp/aws\"]",
      "instances": [
        {
          "schema_version": 1,
          "attributes": {
            "ami": "ami-09d56f8956ab235b3",
            "arn": "arn:aws:ec2:us-east-1:202496921663:instance/i-0017331335d0e41d2",
            "associate_public_ip_address": true,
            "availability_zone": "us-east-1a",
            "capacity_reservation_specification": [
              {
                "capacity_reservation_preference": "open",
                "capacity_reservation_target": []
              }
            ],
            "cpu_core_count": 1,
            "cpu_threads_per_core": 2,
            "credit_specification": [
              {
                "cpu_credits": "unlimited"
              }
            ],
            "disable_api_stop": false,
            "disable_api_termination": false,
            "ebs_block_device": [],
            "ebs_optimized": false,
            "enclave_options": [
              {
                "enabled": false
              }
            ],
            "ephemeral_block_device": [],
            "get_password_data": false,
            "hibernation": false,
            "host_id": null,
            "iam_instance_profile": "",
            "id": "i-0017331335d0e41d2",
            "instance_initiated_shutdown_behavior": "stop",
            "instance_state": "running",
            "instance_type": "t3.medium",
            "ipv6_address_count": 0,
            "ipv6_addresses": [],
            "key_name": "caldera-node",
            "launch_template": [],
            "maintenance_options": [
              {
                "auto_recovery": "default"
              }
            ],
            "metadata_options": [
              {
                "http_endpoint": "enabled",
                "http_put_response_hop_limit": 1,
                "http_tokens": "optional",
                "instance_metadata_tags": "disabled"
              }
            ],
            "monitoring": false,
            "network_interface": [],
            "outpost_arn": "",
            "password_data": "",
            "placement_group": "",
            "placement_partition_number": null,
            "primary_network_interface_id": "eni-02eab10d352f1cc16",
            "private_dns": "ip-172-23-6-95.ec2.internal",
            "private_dns_name_options": [
              {
                "enable_resource_name_dns_a_record": false,
                "enable_resource_name_dns_aaaa_record": false,
                "hostname_type": "ip-name"
              }
            ],
            "private_ip": "172.23.6.95",
            "public_dns": "ec2-3-94-109-36.compute-1.amazonaws.com",
            "public_ip": "3.94.109.36",
            "root_block_device": [
              {
                "delete_on_termination": true,
                "device_name": "/dev/sda1",
                "encrypted": false,
                "iops": 100,
                "kms_key_id": "",
                "tags": {},
                "throughput": 0,
                "volume_id": "vol-0b988f8edb16179a4",
                "volume_size": 8,
                "volume_type": "gp2"
              }
            ],
            "secondary_private_ips": [],
            "security_groups": [],
            "source_dest_check": true,
            "subnet_id": "subnet-0d03c80a7aefec338",
            "tags": {
              "Name": "caldera_server",
              "environment": "caldera-test"
            },
            "tags_all": {
              "Name": "caldera_server",
              "environment": "caldera-test"
            },
            "tenancy": "default",
            "timeouts": null,
            "user_data": "40871111b73dea6b5d322930f8e792b4e96fbfa4",
            "user_data_base64": null,
            "user_data_replace_on_change": false,
            "volume_tags": null,
            "vpc_security_group_ids": [
              "sg-07562ac4b508a7384"
            ]
          },
          "sensitive_attributes": [],
          "private": "eyJlMmJmYjczMC1lY2FhLTExZTYtOGY4OC0zNDM2M2JjN2M0YzAiOnsiY3JlYXRlIjo2MDAwMDAwMDAwMDAsImRlbGV0ZSI6MTIwMDAwMDAwMDAwMCwidXBkYXRlIjo2MDAwMDAwMDAwMDB9LCJzY2hlbWFfdmVyc2lvbiI6IjEifQ==",
          "dependencies": [
            "aws_security_group.sg_caldera_server",
            "module.aws_rsa_key.aws_key_pair.worker",
            "module.aws_rsa_key.local_file.ssh_local",
            "module.aws_rsa_key.tls_private_key.ssh_key",
            "module.vpc.aws_cloudwatch_log_group.flow_log",
            "module.vpc.aws_customer_gateway.this",
            "module.vpc.aws_db_subnet_group.database",
            "module.vpc.aws_default_network_acl.this",
            "module.vpc.aws_default_route_table.default",
            "module.vpc.aws_default_security_group.this",
            "module.vpc.aws_default_vpc.this",
            "module.vpc.aws_egress_only_internet_gateway.this",
            "module.vpc.aws_eip.nat",
            "module.vpc.aws_elasticache_subnet_group.elasticache",
            "module.vpc.aws_flow_log.this",
            "module.vpc.aws_iam_policy.vpc_flow_log_cloudwatch",
            "module.vpc.aws_iam_role.vpc_flow_log_cloudwatch",
            "module.vpc.aws_iam_role_policy_attachment.vpc_flow_log_cloudwatch",
            "module.vpc.aws_internet_gateway.this",
            "module.vpc.aws_nat_gateway.this",
            "module.vpc.aws_network_acl.database",
            "module.vpc.aws_network_acl.elasticache",
            "module.vpc.aws_network_acl.intra",
            "module.vpc.aws_network_acl.outpost",
            "module.vpc.aws_network_acl.private",
            "module.vpc.aws_network_acl.public",
            "module.vpc.aws_network_acl.redshift",
            "module.vpc.aws_network_acl_rule.database_inbound",
            "module.vpc.aws_network_acl_rule.database_outbound",
            "module.vpc.aws_network_acl_rule.elasticache_inbound",
            "module.vpc.aws_network_acl_rule.elasticache_outbound",
            "module.vpc.aws_network_acl_rule.intra_inbound",
            "module.vpc.aws_network_acl_rule.intra_outbound",
            "module.vpc.aws_network_acl_rule.outpost_inbound",
            "module.vpc.aws_network_acl_rule.outpost_outbound",
            "module.vpc.aws_network_acl_rule.private_inbound",
            "module.vpc.aws_network_acl_rule.private_outbound",
            "module.vpc.aws_network_acl_rule.public_inbound",
            "module.vpc.aws_network_acl_rule.public_outbound",
            "module.vpc.aws_network_acl_rule.redshift_inbound",
            "module.vpc.aws_network_acl_rule.redshift_outbound",
            "module.vpc.aws_redshift_subnet_group.redshift",
            "module.vpc.aws_route.database_internet_gateway",
            "module.vpc.aws_route.database_ipv6_egress",
            "module.vpc.aws_route.database_nat_gateway",
            "module.vpc.aws_route.private_ipv6_egress",
            "module.vpc.aws_route.private_nat_gateway",
            "module.vpc.aws_route.public_internet_gateway",
            "module.vpc.aws_route.public_internet_gateway_ipv6",
            "module.vpc.aws_route_table.database",
            "module.vpc.aws_route_table.elasticache",
            "module.vpc.aws_route_table.intra",
            "module.vpc.aws_route_table.private",
            "module.vpc.aws_route_table.public",
            "module.vpc.aws_route_table.redshift",
            "module.vpc.aws_route_table_association.database",
            "module.vpc.aws_route_table_association.elasticache",
            "module.vpc.aws_route_table_association.intra",
            "module.vpc.aws_route_table_association.outpost",
            "module.vpc.aws_route_table_association.private",
            "module.vpc.aws_route_table_association.public",
            "module.vpc.aws_route_table_association.redshift",
            "module.vpc.aws_route_table_association.redshift_public",
            "module.vpc.aws_subnet.database",
            "module.vpc.aws_subnet.elasticache",
            "module.vpc.aws_subnet.intra",
            "module.vpc.aws_subnet.outpost",
            "module.vpc.aws_subnet.private",
            "module.vpc.aws_subnet.public",
            "module.vpc.aws_subnet.redshift",
            "module.vpc.aws_vpc.this",
            "module.vpc.aws_vpc_dhcp_options.this",
            "module.vpc.aws_vpc_dhcp_options_association.this",
            "module.vpc.aws_vpc_ipv4_cidr_block_association.this",
            "module.vpc.aws_vpn_gateway.this",
            "module.vpc.aws_vpn_gateway_attachment.this",
            "module.vpc.aws_vpn_gateway_route_propagation.intra",
            "module.vpc.aws_vpn_gateway_route_propagation.private",
            "module.vpc.aws_vpn_gateway_route_propagation.public",
            "module.vpc.data.aws_iam_policy_document.flow_log_cloudwatch_assume_role",
            "module.vpc.data.aws_iam_policy_document.vpc_flow_log_cloudwatch"
          ]
        }
      ]
    },
    {
      "mode": "managed",
      "type": "aws_security_group",
      "name": "sg_caldera_server",
      "provider": "provider[\"registry.terraform.io/hashicorp/aws\"]",
      "instances": [
        {
          "schema_version": 1,
          "attributes": {
            "arn": "arn:aws:ec2:us-east-1:202496921663:security-group/sg-07562ac4b508a7384",
            "description": "Allow ports for caldera server",
            "egress": [
              {
                "cidr_blocks": [
                  "0.0.0.0/0"
                ],
                "description": "",
                "from_port": 0,
                "ipv6_cidr_blocks": [],
                "prefix_list_ids": [],
                "protocol": "-1",
                "security_groups": [],
                "self": false,
                "to_port": 0
              }
            ],
            "id": "sg-07562ac4b508a7384",
            "ingress": [
              {
                "cidr_blocks": [
                  "0.0.0.0/0"
                ],
                "description": "Caldera server port",
                "from_port": 2288,
                "ipv6_cidr_blocks": [],
                "prefix_list_ids": [],
                "protocol": "tcp",
                "security_groups": [],
                "self": false,
                "to_port": 2288
              },
              {
                "cidr_blocks": [
                  "0.0.0.0/0"
                ],
                "description": "SSH from VPC",
                "from_port": 22,
                "ipv6_cidr_blocks": [],
                "prefix_list_ids": [],
                "protocol": "tcp",
                "security_groups": [],
                "self": false,
                "to_port": 22
              }
            ],
            "name": "sg_caldera_linux",
            "name_prefix": "",
            "owner_id": "202496921663",
            "revoke_rules_on_delete": false,
            "tags": {
              "environment": "caldera-test"
            },
            "tags_all": {
              "environment": "caldera-test"
            },
            "timeouts": null,
            "vpc_id": "vpc-0391a45b45cee9958"
          },
          "sensitive_attributes": [],
          "private": "eyJlMmJmYjczMC1lY2FhLTExZTYtOGY4OC0zNDM2M2JjN2M0YzAiOnsiY3JlYXRlIjo2MDAwMDAwMDAwMDAsImRlbGV0ZSI6OTAwMDAwMDAwMDAwfSwic2NoZW1hX3ZlcnNpb24iOiIxIn0=",
          "dependencies": [
            "module.vpc.aws_vpc.this"
          ]
        }
      ]
    },
    {
      "module": "module.aws_rsa_key",
      "mode": "managed",
      "type": "aws_key_pair",
      "name": "worker",
      "provider": "provider[\"registry.terraform.io/hashicorp/aws\"]",
      "instances": [
        {
          "schema_version": 1,
          "attributes": {
            "arn": "arn:aws:ec2:us-east-1:202496921663:key-pair/caldera-node",
            "fingerprint": "aa:78:09:ae:64:b1:0c:33:a8:f6:09:f1:1b:a4:dc:7f",
            "id": "caldera-node",
            "key_name": "caldera-node",
            "key_name_prefix": "",
            "key_pair_id": "key-0ef8fef9b8f1b9505",
            "key_type": "rsa",
            "public_key": "ssh-rsa AAAAB3NzaC1yc2EAAAADAQABAAACAQCwPRbDlfT4z0igTa2N9HMzQiCQfTmciZnSvVr9I2Yn9JvjchYLRIqYxxU8d7ZPvixQUPg9Fit633fSbbwTzV1fXn38VFoWzW9gkDYGl5fEoLhZdQ+AfB8To8ffZbA8XXsSaRi/ERQVNRr8zArfjYpiqhuOk2eUDmeb+GlLMklEUE7iom9aCAq1C9le/WDEULRWfPUMHPqmMHieFul/YbV/S0pYxtZ6QYYMJvaxwTNLu4ehDl3DDSpC0pVqWMyDXK28KbVBnJd+KBxU58sSO18F5QAnxViZXvkN6aRFpZlDqtgPnhZBw4YapdDwVSePg4AoAYkbH3qMk4mWwKVzsAgodUKgIhozKN7aXsAJnf5N559Wis/Ww5JrYZ46c9kokvAKS1l8fuO1COonqHZVW+J0FUrBK/JY/CDy6eujYOWK7w4AlUqUkjZmH3bCRLSmY3ia3Q0rXBSn7R0mhxdQt8g8rmL7wWYjN+eQktatd8rgAAEfeUrZSaEV/uOrMDMJjd82rUA/TRqP1pO1K8RtfKJ0KtSTlaIICQT1GTb20Ehd7enahVu+msSvcYHO6uvtMvzLfVSOMTgt13OdMVH1AWcOK2kXYPgHi+IrImBi8Vlux8rtR9YW4jjHggqugcq9DwHQKhSVX5sD8P6zEsKTyADLGZTSH1rOzyt7RBM+Ay+tuw==",
            "tags": null,
            "tags_all": {}
          },
          "sensitive_attributes": [],
          "private": "eyJzY2hlbWFfdmVyc2lvbiI6IjEifQ==",
          "dependencies": [
            "module.aws_rsa_key.tls_private_key.ssh_key",
            "module.vpc.aws_cloudwatch_log_group.flow_log",
            "module.vpc.aws_customer_gateway.this",
            "module.vpc.aws_db_subnet_group.database",
            "module.vpc.aws_default_network_acl.this",
            "module.vpc.aws_default_route_table.default",
            "module.vpc.aws_default_security_group.this",
            "module.vpc.aws_default_vpc.this",
            "module.vpc.aws_egress_only_internet_gateway.this",
            "module.vpc.aws_eip.nat",
            "module.vpc.aws_elasticache_subnet_group.elasticache",
            "module.vpc.aws_flow_log.this",
            "module.vpc.aws_iam_policy.vpc_flow_log_cloudwatch",
            "module.vpc.aws_iam_role.vpc_flow_log_cloudwatch",
            "module.vpc.aws_iam_role_policy_attachment.vpc_flow_log_cloudwatch",
            "module.vpc.aws_internet_gateway.this",
            "module.vpc.aws_nat_gateway.this",
            "module.vpc.aws_network_acl.database",
            "module.vpc.aws_network_acl.elasticache",
            "module.vpc.aws_network_acl.intra",
            "module.vpc.aws_network_acl.outpost",
            "module.vpc.aws_network_acl.private",
            "module.vpc.aws_network_acl.public",
            "module.vpc.aws_network_acl.redshift",
            "module.vpc.aws_network_acl_rule.database_inbound",
            "module.vpc.aws_network_acl_rule.database_outbound",
            "module.vpc.aws_network_acl_rule.elasticache_inbound",
            "module.vpc.aws_network_acl_rule.elasticache_outbound",
            "module.vpc.aws_network_acl_rule.intra_inbound",
            "module.vpc.aws_network_acl_rule.intra_outbound",
            "module.vpc.aws_network_acl_rule.outpost_inbound",
            "module.vpc.aws_network_acl_rule.outpost_outbound",
            "module.vpc.aws_network_acl_rule.private_inbound",
            "module.vpc.aws_network_acl_rule.private_outbound",
            "module.vpc.aws_network_acl_rule.public_inbound",
            "module.vpc.aws_network_acl_rule.public_outbound",
            "module.vpc.aws_network_acl_rule.redshift_inbound",
            "module.vpc.aws_network_acl_rule.redshift_outbound",
            "module.vpc.aws_redshift_subnet_group.redshift",
            "module.vpc.aws_route.database_internet_gateway",
            "module.vpc.aws_route.database_ipv6_egress",
            "module.vpc.aws_route.database_nat_gateway",
            "module.vpc.aws_route.private_ipv6_egress",
            "module.vpc.aws_route.private_nat_gateway",
            "module.vpc.aws_route.public_internet_gateway",
            "module.vpc.aws_route.public_internet_gateway_ipv6",
            "module.vpc.aws_route_table.database",
            "module.vpc.aws_route_table.elasticache",
            "module.vpc.aws_route_table.intra",
            "module.vpc.aws_route_table.private",
            "module.vpc.aws_route_table.public",
            "module.vpc.aws_route_table.redshift",
            "module.vpc.aws_route_table_association.database",
            "module.vpc.aws_route_table_association.elasticache",
            "module.vpc.aws_route_table_association.intra",
            "module.vpc.aws_route_table_association.outpost",
            "module.vpc.aws_route_table_association.private",
            "module.vpc.aws_route_table_association.public",
            "module.vpc.aws_route_table_association.redshift",
            "module.vpc.aws_route_table_association.redshift_public",
            "module.vpc.aws_subnet.database",
            "module.vpc.aws_subnet.elasticache",
            "module.vpc.aws_subnet.intra",
            "module.vpc.aws_subnet.outpost",
            "module.vpc.aws_subnet.private",
            "module.vpc.aws_subnet.public",
            "module.vpc.aws_subnet.redshift",
            "module.vpc.aws_vpc.this",
            "module.vpc.aws_vpc_dhcp_options.this",
            "module.vpc.aws_vpc_dhcp_options_association.this",
            "module.vpc.aws_vpc_ipv4_cidr_block_association.this",
            "module.vpc.aws_vpn_gateway.this",
            "module.vpc.aws_vpn_gateway_attachment.this",
            "module.vpc.aws_vpn_gateway_route_propagation.intra",
            "module.vpc.aws_vpn_gateway_route_propagation.private",
            "module.vpc.aws_vpn_gateway_route_propagation.public",
            "module.vpc.data.aws_iam_policy_document.flow_log_cloudwatch_assume_role",
            "module.vpc.data.aws_iam_policy_document.vpc_flow_log_cloudwatch"
          ]
        }
      ]
    },
    {
      "module": "module.aws_rsa_key",
      "mode": "managed",
      "type": "tls_private_key",
      "name": "ssh_key",
      "provider": "provider[\"registry.terraform.io/hashicorp/tls\"]",
      "instances": [
        {
          "schema_version": 0,
          "attributes": {
            "algorithm": "RSA",
            "ecdsa_curve": "P224",
            "id": "d8b022f80dacb5b7790c0f849aa02e3f4af2c309",
            "private_key_openssh": "-----BEGIN OPENSSH PRIVATE KEY-----\nb3BlbnNzaC1rZXktdjEAAAAABG5vbmUAAAAEbm9uZQAAAAAAAAABAAACFwAAAAdz\nc2gtcnNhAAAAAwEAAQAAAgEAsD0Ww5X0+M9IoE2tjfRzM0IgkH05nImZ0r1a/SNm\nJ/Sb43IWC0SKmMcVPHe2T74sUFD4PRYret930m28E81dX159/FRaFs1vYJA2BpeX\nxKC4WXUPgHwfE6PH32WwPF17EmkYvxEUFTUa/MwK342KYqobjpNnlA5nm/hpSzJJ\nRFBO4qJvWggKtQvZXv1gxFC0Vnz1DBz6pjB4nhbpf2G1f0tKWMbWekGGDCb2scEz\nS7uHoQ5dww0qQtKValjMg1ytvCm1QZyXfigcVOfLEjtfBeUAJ8VYmV75DemkRaWZ\nQ6rYD54WQcOGGqXQ8FUnj4OAKAGJGx96jJOJlsClc7AIKHVCoCIaMyje2l7ACZ3+\nTeefVorP1sOSa2GeOnPZKJLwCktZfH7jtQjqJ6h2VVvidBVKwSvyWPwg8unro2Dl\niu8OAJVKlJI2Zh92wkS0pmN4mt0NK1wUp+0dJocXULfIPK5i+8FmIzfnkJLWrXfK\n4AABH3lK2UmhFf7jqzAzCY3fNq1AP00aj9aTtSvEbXyidCrUk5WiCAkE9Rk29tBI\nXe3p2oVbvprEr3GBzurr7TL8y31UjjE4LddznTFR9QFnDitpF2D4B4viKyJgYvFZ\nbsfK7UfWFuI4x4IKroHKvQ8B0CoUlV+bA/D+sxLCk8gAyxmU0h9azs8re0QTPgMv\nrbsAAAc4zcPFuc3DxbkAAAAHc3NoLXJzYQAAAgEAsD0Ww5X0+M9IoE2tjfRzM0Ig\nkH05nImZ0r1a/SNmJ/Sb43IWC0SKmMcVPHe2T74sUFD4PRYret930m28E81dX159\n/FRaFs1vYJA2BpeXxKC4WXUPgHwfE6PH32WwPF17EmkYvxEUFTUa/MwK342KYqob\njpNnlA5nm/hpSzJJRFBO4qJvWggKtQvZXv1gxFC0Vnz1DBz6pjB4nhbpf2G1f0tK\nWMbWekGGDCb2scEzS7uHoQ5dww0qQtKValjMg1ytvCm1QZyXfigcVOfLEjtfBeUA\nJ8VYmV75DemkRaWZQ6rYD54WQcOGGqXQ8FUnj4OAKAGJGx96jJOJlsClc7AIKHVC\noCIaMyje2l7ACZ3+TeefVorP1sOSa2GeOnPZKJLwCktZfH7jtQjqJ6h2VVvidBVK\nwSvyWPwg8unro2Dliu8OAJVKlJI2Zh92wkS0pmN4mt0NK1wUp+0dJocXULfIPK5i\n+8FmIzfnkJLWrXfK4AABH3lK2UmhFf7jqzAzCY3fNq1AP00aj9aTtSvEbXyidCrU\nk5WiCAkE9Rk29tBIXe3p2oVbvprEr3GBzurr7TL8y31UjjE4LddznTFR9QFnDitp\nF2D4B4viKyJgYvFZbsfK7UfWFuI4x4IKroHKvQ8B0CoUlV+bA/D+sxLCk8gAyxmU\n0h9azs8re0QTPgMvrbsAAAADAQABAAACADsveMqcPJWmPxSeoY9PrbRkG72KYGOi\njkcIklr6nV8DtapvcNm93fGqwgX5if9DtWwPlR4mqNlt3LaNZaEc0aOqfxLTXSHV\nQfci1xHlrPE6rE5Wkqsqg+E7mm76nnHXTvKC2u2nlZ/9op+NAoXK6dNynyiFdj5x\ni/gEN5AqRhKsCaHwvQZ2NupQHWLaIrorBDUbZ8v2m3JeStOEjEvcC3DBXylrNTH/\neT3xg910LX7cbpL22SQc8rlYMRdy1NO0tx++vgFXzkRuwfz9juQDjkjTe/bfPn7b\nNzal5SYCk/L2l/K+u2jAefPPBdkAL/XxSoOk6F90ddpp3cYD0kyErGgiybBAlc7q\ntK/nV4/mykFsXqYQQgaKEMEunOOr3VXFn5jD8be7nuw2b4n6WUi4YONnQdpjggly\nh08CwJvWPEoDcr8gExSDynpLA7iTcfuhLVGYJUWG8/44gK/h4NsvAyn3qVbS2dPQ\nxJGo400sZ6KMKwp03s7fkdciLCzF8VZYlnWE89JEnmF/N5MY8b+no5iTDDt/LXAF\nfIC4NOv2NCs35/AWHeyZO25MYhexUb5revFluJd6rVTRLmLZSlfqlEUbr5ge2DOP\nOa1nFadZg+b38wPqOWT1F+LArg6CbarqE51tWobwA1+ttHpZMbk1pqsO9pApyofN\nsPHSRIKS7HtRAAABAQCXAtsIreTgd1xonpIOJcN70kNewgCSB9JIcpM7BciKK5JA\nxp+ENCRyPQJe+6oYNCafMgBibs+wKGx9/glyvmo+DlAZcHfss75VFdb1/bbzg0mZ\n6VuegLanUcZEZbQ0dxkzrizx20nCvkDRg1VdJuKHz9WUqLwymNw6zkqttgg+nHTc\nkVmWygy4Fq1Lo2b63fTZlOBa5M1DB7duCHaPFtFROkXgM7gttzKl3nQBMgpdOfno\nGgO1sPCVuPPrn5sjxwZScZ2UWOD/cMv+lFCht2ERud5353hkTfvmHz6Co9lWhMw3\nYBkGdi6QTiCrr4ehCL2X+uhRzn2Oh+r0xtQbhh6iAAABAQDEobihWkwspAwWMtiu\nETtzmqPnuqzY7uuSpdzvXPikT/UoLzamnw3ZGwtmjKqin0CAx9MXcrJ1ZrhTSOjL\nQ9nb1q6Ow/f5oS/hECfpORYhn3m0Ed07j2tekZNSPombLnzs3nNg7pp8ucZROYbP\np47N05DatmFNvL0HtkyOK0K20Br2bU2ZSEXU2q6FkwaWeoVVJlDcfED2GGIQkMGb\nzRuizuRLLVm0dk96Xjl20pYOU+oySS/nmsj6dgKdJlWobeshz9rK9VrhgdA4MiFL\nwtfg1H3T9BBLM2YohBwGiFKXT1zSbFXpOf0bruOP3vVylbJPDUGI+hOsQsVhvrGE\nRnjpAAABAQDlcx8xHnMj3/SzxyMReEPYaO8Wa66V6R+HhyzCvMUni83dPe8anm2A\nX1ZkvxI2yKFSl5eDcpO8EqVjnLtRsJ+wWalwZ+uxQ+T01Kp9C4Pv/0Wwhryuzcfl\nzny3SWH0A4zkmFXwohMj7brW0Bu89fRX24YVOCDb3KOj6iO9oYIfFY0JPdkA3481\nNBK0g2XWCBs8lne5Q7/9vKNbNu0iVawd6irWHUmQRE6u2BIO4CyRpMOOFs+9NkA0\nwqeNQk06tKFebmxINutAD44A6H8kIx3scPnUwkrohoccZ1/AGtdXpVX8DxFiIurh\nr5udaIou8UJX8Hr7wDg1XBQTCiGzcEsDAAAAAAEC\n-----END OPENSSH PRIVATE KEY-----\n",
            "private_key_pem": "-----BEGIN RSA PRIVATE KEY-----\nMIIJKQIBAAKCAgEAsD0Ww5X0+M9IoE2tjfRzM0IgkH05nImZ0r1a/SNmJ/Sb43IW\nC0SKmMcVPHe2T74sUFD4PRYret930m28E81dX159/FRaFs1vYJA2BpeXxKC4WXUP\ngHwfE6PH32WwPF17EmkYvxEUFTUa/MwK342KYqobjpNnlA5nm/hpSzJJRFBO4qJv\nWggKtQvZXv1gxFC0Vnz1DBz6pjB4nhbpf2G1f0tKWMbWekGGDCb2scEzS7uHoQ5d\nww0qQtKValjMg1ytvCm1QZyXfigcVOfLEjtfBeUAJ8VYmV75DemkRaWZQ6rYD54W\nQcOGGqXQ8FUnj4OAKAGJGx96jJOJlsClc7AIKHVCoCIaMyje2l7ACZ3+TeefVorP\n1sOSa2GeOnPZKJLwCktZfH7jtQjqJ6h2VVvidBVKwSvyWPwg8unro2Dliu8OAJVK\nlJI2Zh92wkS0pmN4mt0NK1wUp+0dJocXULfIPK5i+8FmIzfnkJLWrXfK4AABH3lK\n2UmhFf7jqzAzCY3fNq1AP00aj9aTtSvEbXyidCrUk5WiCAkE9Rk29tBIXe3p2oVb\nvprEr3GBzurr7TL8y31UjjE4LddznTFR9QFnDitpF2D4B4viKyJgYvFZbsfK7UfW\nFuI4x4IKroHKvQ8B0CoUlV+bA/D+sxLCk8gAyxmU0h9azs8re0QTPgMvrbsCAwEA\nAQKCAgA7L3jKnDyVpj8UnqGPT620ZBu9imBjoo5HCJJa+p1fA7Wqb3DZvd3xqsIF\n+Yn/Q7VsD5UeJqjZbdy2jWWhHNGjqn8S010h1UH3ItcR5azxOqxOVpKrKoPhO5pu\n+p5x107ygtrtp5Wf/aKfjQKFyunTcp8ohXY+cYv4BDeQKkYSrAmh8L0GdjbqUB1i\n2iK6KwQ1G2fL9ptyXkrThIxL3AtwwV8pazUx/3k98YPddC1+3G6S9tkkHPK5WDEX\nctTTtLcfvr4BV85EbsH8/Y7kA45I03v23z5+2zc2peUmApPy9pfyvrtowHnzzwXZ\nAC/18UqDpOhfdHXaad3GA9JMhKxoIsmwQJXO6rSv51eP5spBbF6mEEIGihDBLpzj\nq91VxZ+Yw/G3u57sNm+J+llIuGDjZ0HaY4IJcodPAsCb1jxKA3K/IBMUg8p6SwO4\nk3H7oS1RmCVFhvP+OICv4eDbLwMp96lW0tnT0MSRqONNLGeijCsKdN7O35HXIiws\nxfFWWJZ1hPPSRJ5hfzeTGPG/p6OYkww7fy1wBXyAuDTr9jQrN+fwFh3smTtuTGIX\nsVG+a3rxZbiXeq1U0S5i2UpX6pRFG6+YHtgzjzmtZxWnWYPm9/MD6jlk9RfiwK4O\ngm2q6hOdbVqG8ANfrbR6WTG5NaarDvaQKcqHzbDx0kSCkux7UQKCAQEAxKG4oVpM\nLKQMFjLYrhE7c5qj57qs2O7rkqXc71z4pE/1KC82pp8N2RsLZoyqop9AgMfTF3Ky\ndWa4U0joy0PZ29aujsP3+aEv4RAn6TkWIZ95tBHdO49rXpGTUj6Jmy587N5zYO6a\nfLnGUTmGz6eOzdOQ2rZhTby9B7ZMjitCttAa9m1NmUhF1NquhZMGlnqFVSZQ3HxA\n9hhiEJDBm80bos7kSy1ZtHZPel45dtKWDlPqMkkv55rI+nYCnSZVqG3rIc/ayvVa\n4YHQODIhS8LX4NR90/QQSzNmKIQcBohSl09c0mxV6Tn9G67jj971cpWyTw1BiPoT\nrELFYb6xhEZ46QKCAQEA5XMfMR5zI9/0s8cjEXhD2GjvFmuulekfh4cswrzFJ4vN\n3T3vGp5tgF9WZL8SNsihUpeXg3KTvBKlY5y7UbCfsFmpcGfrsUPk9NSqfQuD7/9F\nsIa8rs3H5c58t0lh9AOM5JhV8KITI+261tAbvPX0V9uGFTgg29yjo+ojvaGCHxWN\nCT3ZAN+PNTQStINl1ggbPJZ3uUO//byjWzbtIlWsHeoq1h1JkEROrtgSDuAskaTD\njhbPvTZANMKnjUJNOrShXm5sSDbrQA+OAOh/JCMd7HD51MJK6IaHHGdfwBrXV6VV\n/A8RYiLq4a+bnWiKLvFCV/B6+8A4NVwUEwohs3BLAwKCAQB/JoCoviZh+5bhR/H7\n5aLHJ6lzsLAS+7STuPO8SSdzwUyrtpQlfNbMnINrxeyViluAqzbig8XIyyrImG4I\n+xBG63UnVqvk3YmDhRn543NfPKvLeH3SBPUOSx6z4ULEeXRJC7Qaa1C09MC8R3HY\nl+ZtTLDv7V3Qkgq+kPDCQlE6vCmjTp0OUMDvWpXeRGvPJN1RaZyCZ0rumGfZhHHe\nGO0VA6p2vpWyb4sHeyS3pIdqLnNUHyV+JAZwh507F83uQ134GFvIQI6LIpGNtUT4\no79LYL0ZMUrUBiG6c2tYAhE+TRCd9XY8gcYdf6MhprCbbxfFrLHDLMtJ6keO5GwQ\nOC35AoIBAQCkhpz6KpxjQAaGFqfFshfsCKpPyF0Cr4vlMX9eD9/LEItINk3KJ4nb\nQAGB8iRMViafQ4XoQnM+q5weRldnJyAKYvCFYm71x/pXuFqbmXM81y2Qe7y2F2Zc\nGWkCQENVpmoTzEvrZTwWSjPsLoOFRlOz3/xQINQm8xn/wjdolXPpeBmOY+PDpYpZ\nmwJCn+mYxG1LT5V/qd30QpxcHpGBSi9FsBCRQaTrJp/I7bRdKE+tC5kRvLevNERr\n0Jw2RTF9g+ImBUXtrjuXzs+DRTNNpUSiswvhjIQMIdKmAlX9OQHqnep++Ar99I25\n0KLkBv721BY/WnfFJzrmwCTA1kX+FeojAoIBAQCXAtsIreTgd1xonpIOJcN70kNe\nwgCSB9JIcpM7BciKK5JAxp+ENCRyPQJe+6oYNCafMgBibs+wKGx9/glyvmo+DlAZ\ncHfss75VFdb1/bbzg0mZ6VuegLanUcZEZbQ0dxkzrizx20nCvkDRg1VdJuKHz9WU\nqLwymNw6zkqttgg+nHTckVmWygy4Fq1Lo2b63fTZlOBa5M1DB7duCHaPFtFROkXg\nM7gttzKl3nQBMgpdOfnoGgO1sPCVuPPrn5sjxwZScZ2UWOD/cMv+lFCht2ERud53\n53hkTfvmHz6Co9lWhMw3YBkGdi6QTiCrr4ehCL2X+uhRzn2Oh+r0xtQbhh6i\n-----END RSA PRIVATE KEY-----\n",
            "public_key_fingerprint_md5": "69:21:b9:ff:51:a5:61:99:d0:2d:f7:a7:f7:23:9b:3c",
            "public_key_fingerprint_sha256": "SHA256:zwAvlThK0T6TTJPev2ytAD9+2sbGgPARAVlNvl4KoV4",
            "public_key_openssh": "ssh-rsa AAAAB3NzaC1yc2EAAAADAQABAAACAQCwPRbDlfT4z0igTa2N9HMzQiCQfTmciZnSvVr9I2Yn9JvjchYLRIqYxxU8d7ZPvixQUPg9Fit633fSbbwTzV1fXn38VFoWzW9gkDYGl5fEoLhZdQ+AfB8To8ffZbA8XXsSaRi/ERQVNRr8zArfjYpiqhuOk2eUDmeb+GlLMklEUE7iom9aCAq1C9le/WDEULRWfPUMHPqmMHieFul/YbV/S0pYxtZ6QYYMJvaxwTNLu4ehDl3DDSpC0pVqWMyDXK28KbVBnJd+KBxU58sSO18F5QAnxViZXvkN6aRFpZlDqtgPnhZBw4YapdDwVSePg4AoAYkbH3qMk4mWwKVzsAgodUKgIhozKN7aXsAJnf5N559Wis/Ww5JrYZ46c9kokvAKS1l8fuO1COonqHZVW+J0FUrBK/JY/CDy6eujYOWK7w4AlUqUkjZmH3bCRLSmY3ia3Q0rXBSn7R0mhxdQt8g8rmL7wWYjN+eQktatd8rgAAEfeUrZSaEV/uOrMDMJjd82rUA/TRqP1pO1K8RtfKJ0KtSTlaIICQT1GTb20Ehd7enahVu+msSvcYHO6uvtMvzLfVSOMTgt13OdMVH1AWcOK2kXYPgHi+IrImBi8Vlux8rtR9YW4jjHggqugcq9DwHQKhSVX5sD8P6zEsKTyADLGZTSH1rOzyt7RBM+Ay+tuw==\n",
            "public_key_pem": "-----BEGIN PUBLIC KEY-----\nMIICIjANBgkqhkiG9w0BAQEFAAOCAg8AMIICCgKCAgEAsD0Ww5X0+M9IoE2tjfRz\nM0IgkH05nImZ0r1a/SNmJ/Sb43IWC0SKmMcVPHe2T74sUFD4PRYret930m28E81d\nX159/FRaFs1vYJA2BpeXxKC4WXUPgHwfE6PH32WwPF17EmkYvxEUFTUa/MwK342K\nYqobjpNnlA5nm/hpSzJJRFBO4qJvWggKtQvZXv1gxFC0Vnz1DBz6pjB4nhbpf2G1\nf0tKWMbWekGGDCb2scEzS7uHoQ5dww0qQtKValjMg1ytvCm1QZyXfigcVOfLEjtf\nBeUAJ8VYmV75DemkRaWZQ6rYD54WQcOGGqXQ8FUnj4OAKAGJGx96jJOJlsClc7AI\nKHVCoCIaMyje2l7ACZ3+TeefVorP1sOSa2GeOnPZKJLwCktZfH7jtQjqJ6h2VVvi\ndBVKwSvyWPwg8unro2Dliu8OAJVKlJI2Zh92wkS0pmN4mt0NK1wUp+0dJocXULfI\nPK5i+8FmIzfnkJLWrXfK4AABH3lK2UmhFf7jqzAzCY3fNq1AP00aj9aTtSvEbXyi\ndCrUk5WiCAkE9Rk29tBIXe3p2oVbvprEr3GBzurr7TL8y31UjjE4LddznTFR9QFn\nDitpF2D4B4viKyJgYvFZbsfK7UfWFuI4x4IKroHKvQ8B0CoUlV+bA/D+sxLCk8gA\nyxmU0h9azs8re0QTPgMvrbsCAwEAAQ==\n-----END PUBLIC KEY-----\n",
            "rsa_bits": 4096
          },
          "sensitive_attributes": [],
          "private": "bnVsbA==",
          "dependencies": [
            "module.vpc.aws_cloudwatch_log_group.flow_log",
            "module.vpc.aws_customer_gateway.this",
            "module.vpc.aws_db_subnet_group.database",
            "module.vpc.aws_default_network_acl.this",
            "module.vpc.aws_default_route_table.default",
            "module.vpc.aws_default_security_group.this",
            "module.vpc.aws_default_vpc.this",
            "module.vpc.aws_egress_only_internet_gateway.this",
            "module.vpc.aws_eip.nat",
            "module.vpc.aws_elasticache_subnet_group.elasticache",
            "module.vpc.aws_flow_log.this",
            "module.vpc.aws_iam_policy.vpc_flow_log_cloudwatch",
            "module.vpc.aws_iam_role.vpc_flow_log_cloudwatch",
            "module.vpc.aws_iam_role_policy_attachment.vpc_flow_log_cloudwatch",
            "module.vpc.aws_internet_gateway.this",
            "module.vpc.aws_nat_gateway.this",
            "module.vpc.aws_network_acl.database",
            "module.vpc.aws_network_acl.elasticache",
            "module.vpc.aws_network_acl.intra",
            "module.vpc.aws_network_acl.outpost",
            "module.vpc.aws_network_acl.private",
            "module.vpc.aws_network_acl.public",
            "module.vpc.aws_network_acl.redshift",
            "module.vpc.aws_network_acl_rule.database_inbound",
            "module.vpc.aws_network_acl_rule.database_outbound",
            "module.vpc.aws_network_acl_rule.elasticache_inbound",
            "module.vpc.aws_network_acl_rule.elasticache_outbound",
            "module.vpc.aws_network_acl_rule.intra_inbound",
            "module.vpc.aws_network_acl_rule.intra_outbound",
            "module.vpc.aws_network_acl_rule.outpost_inbound",
            "module.vpc.aws_network_acl_rule.outpost_outbound",
            "module.vpc.aws_network_acl_rule.private_inbound",
            "module.vpc.aws_network_acl_rule.private_outbound",
            "module.vpc.aws_network_acl_rule.public_inbound",
            "module.vpc.aws_network_acl_rule.public_outbound",
            "module.vpc.aws_network_acl_rule.redshift_inbound",
            "module.vpc.aws_network_acl_rule.redshift_outbound",
            "module.vpc.aws_redshift_subnet_group.redshift",
            "module.vpc.aws_route.database_internet_gateway",
            "module.vpc.aws_route.database_ipv6_egress",
            "module.vpc.aws_route.database_nat_gateway",
            "module.vpc.aws_route.private_ipv6_egress",
            "module.vpc.aws_route.private_nat_gateway",
            "module.vpc.aws_route.public_internet_gateway",
            "module.vpc.aws_route.public_internet_gateway_ipv6",
            "module.vpc.aws_route_table.database",
            "module.vpc.aws_route_table.elasticache",
            "module.vpc.aws_route_table.intra",
            "module.vpc.aws_route_table.private",
            "module.vpc.aws_route_table.public",
            "module.vpc.aws_route_table.redshift",
            "module.vpc.aws_route_table_association.database",
            "module.vpc.aws_route_table_association.elasticache",
            "module.vpc.aws_route_table_association.intra",
            "module.vpc.aws_route_table_association.outpost",
            "module.vpc.aws_route_table_association.private",
            "module.vpc.aws_route_table_association.public",
            "module.vpc.aws_route_table_association.redshift",
            "module.vpc.aws_route_table_association.redshift_public",
            "module.vpc.aws_subnet.database",
            "module.vpc.aws_subnet.elasticache",
            "module.vpc.aws_subnet.intra",
            "module.vpc.aws_subnet.outpost",
            "module.vpc.aws_subnet.private",
            "module.vpc.aws_subnet.public",
            "module.vpc.aws_subnet.redshift",
            "module.vpc.aws_vpc.this",
            "module.vpc.aws_vpc_dhcp_options.this",
            "module.vpc.aws_vpc_dhcp_options_association.this",
            "module.vpc.aws_vpc_ipv4_cidr_block_association.this",
            "module.vpc.aws_vpn_gateway.this",
            "module.vpc.aws_vpn_gateway_attachment.this",
            "module.vpc.aws_vpn_gateway_route_propagation.intra",
            "module.vpc.aws_vpn_gateway_route_propagation.private",
            "module.vpc.aws_vpn_gateway_route_propagation.public",
            "module.vpc.data.aws_iam_policy_document.flow_log_cloudwatch_assume_role",
            "module.vpc.data.aws_iam_policy_document.vpc_flow_log_cloudwatch"
          ]
        }
      ]
    },
    {
      "module": "module.vpc",
      "mode": "managed",
      "type": "aws_eip",
      "name": "nat",
      "provider": "provider[\"registry.terraform.io/hashicorp/aws\"]",
      "instances": [
        {
          "index_key": 0,
          "schema_version": 0,
          "attributes": {
            "address": null,
            "allocation_id": "eipalloc-0fbee01e42de750e1",
            "associate_with_private_ip": null,
            "association_id": "",
            "carrier_ip": "",
            "customer_owned_ip": "",
            "customer_owned_ipv4_pool": "",
            "domain": "vpc",
            "id": "eipalloc-0fbee01e42de750e1",
            "instance": "",
            "network_border_group": "us-east-1",
            "network_interface": "",
            "private_dns": null,
            "private_ip": "",
            "public_dns": "ec2-44-207-247-133.compute-1.amazonaws.com",
            "public_ip": "44.207.247.133",
            "public_ipv4_pool": "amazon",
            "tags": {
              "Name": "VPC-us-east-1a"
            },
            "tags_all": {
              "Name": "VPC-us-east-1a"
            },
            "timeouts": null,
            "vpc": true
          },
          "sensitive_attributes": [],
          "private": "eyJlMmJmYjczMC1lY2FhLTExZTYtOGY4OC0zNDM2M2JjN2M0YzAiOnsiZGVsZXRlIjoxODAwMDAwMDAwMDAsInJlYWQiOjkwMDAwMDAwMDAwMCwidXBkYXRlIjozMDAwMDAwMDAwMDB9fQ=="
        }
      ]
    },
    {
      "module": "module.vpc",
      "mode": "managed",
      "type": "aws_internet_gateway",
      "name": "this",
      "provider": "provider[\"registry.terraform.io/hashicorp/aws\"]",
      "instances": [
        {
          "index_key": 0,
          "schema_version": 0,
          "attributes": {
            "arn": "arn:aws:ec2:us-east-1:202496921663:internet-gateway/igw-0baac8d14c96b5c8d",
            "id": "igw-0baac8d14c96b5c8d",
            "owner_id": "202496921663",
            "tags": {
              "Name": "VPC"
            },
            "tags_all": {
              "Name": "VPC"
            },
            "vpc_id": "vpc-0391a45b45cee9958"
          },
          "sensitive_attributes": [],
          "private": "bnVsbA==",
          "dependencies": [
            "module.vpc.aws_vpc.this",
            "module.vpc.aws_vpc_ipv4_cidr_block_association.this"
          ]
        }
      ]
    },
    {
      "module": "module.vpc",
      "mode": "managed",
      "type": "aws_nat_gateway",
      "name": "this",
      "provider": "provider[\"registry.terraform.io/hashicorp/aws\"]",
      "instances": [
        {
          "index_key": 0,
          "schema_version": 0,
          "attributes": {
            "allocation_id": "eipalloc-0fbee01e42de750e1",
            "connectivity_type": "public",
            "id": "nat-0e3b643145f99a59d",
            "network_interface_id": "eni-0cbf763b9d2517c84",
            "private_ip": "172.23.7.199",
            "public_ip": "44.207.247.133",
            "subnet_id": "subnet-0d03c80a7aefec338",
            "tags": {
              "Name": "caldera-test_natgateway"
            },
            "tags_all": {
              "Name": "caldera-test_natgateway"
            }
          },
          "sensitive_attributes": [],
          "private": "bnVsbA==",
          "dependencies": [
            "module.vpc.aws_eip.nat",
            "module.vpc.aws_internet_gateway.this",
            "module.vpc.aws_subnet.public",
            "module.vpc.aws_vpc.this",
            "module.vpc.aws_vpc_ipv4_cidr_block_association.this"
          ]
        }
      ]
    },
    {
      "module": "module.vpc",
      "mode": "managed",
      "type": "aws_route",
      "name": "private_nat_gateway",
      "provider": "provider[\"registry.terraform.io/hashicorp/aws\"]",
      "instances": [
        {
          "index_key": 0,
          "schema_version": 0,
          "attributes": {
            "carrier_gateway_id": "",
            "core_network_arn": "",
            "destination_cidr_block": "0.0.0.0/0",
            "destination_ipv6_cidr_block": "",
            "destination_prefix_list_id": "",
            "egress_only_gateway_id": "",
            "gateway_id": "",
            "id": "r-rtb-02b85e9a2b467b2161080289494",
            "instance_id": "",
            "instance_owner_id": "",
            "local_gateway_id": "",
            "nat_gateway_id": "nat-0e3b643145f99a59d",
            "network_interface_id": "",
            "origin": "CreateRoute",
            "route_table_id": "rtb-02b85e9a2b467b216",
            "state": "active",
            "timeouts": {
              "create": "5m",
              "delete": null,
              "update": null
            },
            "transit_gateway_id": "",
            "vpc_endpoint_id": "",
            "vpc_peering_connection_id": ""
          },
          "sensitive_attributes": [],
          "private": "eyJlMmJmYjczMC1lY2FhLTExZTYtOGY4OC0zNDM2M2JjN2M0YzAiOnsiY3JlYXRlIjozMDAwMDAwMDAwMDAsImRlbGV0ZSI6MzAwMDAwMDAwMDAwLCJ1cGRhdGUiOjEyMDAwMDAwMDAwMH19",
          "dependencies": [
            "module.vpc.aws_eip.nat",
            "module.vpc.aws_internet_gateway.this",
            "module.vpc.aws_nat_gateway.this",
            "module.vpc.aws_route_table.private",
            "module.vpc.aws_subnet.public",
            "module.vpc.aws_vpc.this",
            "module.vpc.aws_vpc_ipv4_cidr_block_association.this"
          ]
        }
      ]
    },
    {
      "module": "module.vpc",
      "mode": "managed",
      "type": "aws_route",
      "name": "public_internet_gateway",
      "provider": "provider[\"registry.terraform.io/hashicorp/aws\"]",
      "instances": [
        {
          "index_key": 0,
          "schema_version": 0,
          "attributes": {
            "carrier_gateway_id": "",
            "core_network_arn": "",
            "destination_cidr_block": "0.0.0.0/0",
            "destination_ipv6_cidr_block": "",
            "destination_prefix_list_id": "",
            "egress_only_gateway_id": "",
            "gateway_id": "igw-0baac8d14c96b5c8d",
            "id": "r-rtb-0ad19549b0878e8261080289494",
            "instance_id": "",
            "instance_owner_id": "",
            "local_gateway_id": "",
            "nat_gateway_id": "",
            "network_interface_id": "",
            "origin": "CreateRoute",
            "route_table_id": "rtb-0ad19549b0878e826",
            "state": "active",
            "timeouts": {
              "create": "5m",
              "delete": null,
              "update": null
            },
            "transit_gateway_id": "",
            "vpc_endpoint_id": "",
            "vpc_peering_connection_id": ""
          },
          "sensitive_attributes": [],
          "private": "eyJlMmJmYjczMC1lY2FhLTExZTYtOGY4OC0zNDM2M2JjN2M0YzAiOnsiY3JlYXRlIjozMDAwMDAwMDAwMDAsImRlbGV0ZSI6MzAwMDAwMDAwMDAwLCJ1cGRhdGUiOjEyMDAwMDAwMDAwMH19",
          "dependencies": [
            "module.vpc.aws_internet_gateway.this",
            "module.vpc.aws_route_table.public",
            "module.vpc.aws_vpc.this",
            "module.vpc.aws_vpc_ipv4_cidr_block_association.this"
          ]
        }
      ]
    },
    {
      "module": "module.vpc",
      "mode": "managed",
      "type": "aws_route_table",
      "name": "private",
      "provider": "provider[\"registry.terraform.io/hashicorp/aws\"]",
      "instances": [
        {
          "index_key": 0,
          "schema_version": 0,
          "attributes": {
            "arn": "arn:aws:ec2:us-east-1:202496921663:route-table/rtb-02b85e9a2b467b216",
            "id": "rtb-02b85e9a2b467b216",
            "owner_id": "202496921663",
            "propagating_vgws": [],
            "route": [],
            "tags": {
              "Name": "VPC-private"
            },
            "tags_all": {
              "Name": "VPC-private"
            },
            "timeouts": null,
            "vpc_id": "vpc-0391a45b45cee9958"
          },
          "sensitive_attributes": [],
          "private": "eyJlMmJmYjczMC1lY2FhLTExZTYtOGY4OC0zNDM2M2JjN2M0YzAiOnsiY3JlYXRlIjozMDAwMDAwMDAwMDAsImRlbGV0ZSI6MzAwMDAwMDAwMDAwLCJ1cGRhdGUiOjEyMDAwMDAwMDAwMH19",
          "dependencies": [
            "module.vpc.aws_vpc.this",
            "module.vpc.aws_vpc_ipv4_cidr_block_association.this"
          ]
        }
      ]
    },
    {
      "module": "module.vpc",
      "mode": "managed",
      "type": "aws_route_table",
      "name": "public",
      "provider": "provider[\"registry.terraform.io/hashicorp/aws\"]",
      "instances": [
        {
          "index_key": 0,
          "schema_version": 0,
          "attributes": {
            "arn": "arn:aws:ec2:us-east-1:202496921663:route-table/rtb-0ad19549b0878e826",
            "id": "rtb-0ad19549b0878e826",
            "owner_id": "202496921663",
            "propagating_vgws": [],
            "route": [],
            "tags": {
              "Name": "VPC-public"
            },
            "tags_all": {
              "Name": "VPC-public"
            },
            "timeouts": null,
            "vpc_id": "vpc-0391a45b45cee9958"
          },
          "sensitive_attributes": [],
          "private": "eyJlMmJmYjczMC1lY2FhLTExZTYtOGY4OC0zNDM2M2JjN2M0YzAiOnsiY3JlYXRlIjozMDAwMDAwMDAwMDAsImRlbGV0ZSI6MzAwMDAwMDAwMDAwLCJ1cGRhdGUiOjEyMDAwMDAwMDAwMH19",
          "dependencies": [
            "module.vpc.aws_vpc.this",
            "module.vpc.aws_vpc_ipv4_cidr_block_association.this"
          ]
        }
      ]
    },
    {
      "module": "module.vpc",
      "mode": "managed",
      "type": "aws_route_table_association",
      "name": "private",
      "provider": "provider[\"registry.terraform.io/hashicorp/aws\"]",
      "instances": [
        {
          "index_key": 0,
          "schema_version": 0,
          "attributes": {
            "gateway_id": "",
            "id": "rtbassoc-0b87c4bf7c9badb1c",
            "route_table_id": "rtb-02b85e9a2b467b216",
            "subnet_id": "subnet-079a5d6bd42426b38"
          },
          "sensitive_attributes": [],
          "private": "bnVsbA==",
          "dependencies": [
            "module.vpc.aws_route_table.private",
            "module.vpc.aws_subnet.private",
            "module.vpc.aws_vpc.this",
            "module.vpc.aws_vpc_ipv4_cidr_block_association.this"
          ]
        },
        {
          "index_key": 1,
          "schema_version": 0,
          "attributes": {
            "gateway_id": "",
            "id": "rtbassoc-0639c0bee63e34f21",
            "route_table_id": "rtb-02b85e9a2b467b216",
            "subnet_id": "subnet-062d962002b26f829"
          },
          "sensitive_attributes": [],
          "private": "bnVsbA==",
          "dependencies": [
            "module.vpc.aws_route_table.private",
            "module.vpc.aws_subnet.private",
            "module.vpc.aws_vpc.this",
            "module.vpc.aws_vpc_ipv4_cidr_block_association.this"
          ]
        },
        {
          "index_key": 2,
          "schema_version": 0,
          "attributes": {
            "gateway_id": "",
            "id": "rtbassoc-0db9fba7b1f79afed",
            "route_table_id": "rtb-02b85e9a2b467b216",
            "subnet_id": "subnet-00b278c96b151b429"
          },
          "sensitive_attributes": [],
          "private": "bnVsbA==",
          "dependencies": [
            "module.vpc.aws_route_table.private",
            "module.vpc.aws_subnet.private",
            "module.vpc.aws_vpc.this",
            "module.vpc.aws_vpc_ipv4_cidr_block_association.this"
          ]
        },
        {
          "index_key": 3,
          "schema_version": 0,
          "attributes": {
            "gateway_id": "",
            "id": "rtbassoc-04f73fcc5d172bf1b",
            "route_table_id": "rtb-02b85e9a2b467b216",
            "subnet_id": "subnet-03b63d6d7d215be77"
          },
          "sensitive_attributes": [],
          "private": "bnVsbA==",
          "dependencies": [
            "module.vpc.aws_route_table.private",
            "module.vpc.aws_subnet.private",
            "module.vpc.aws_vpc.this",
            "module.vpc.aws_vpc_ipv4_cidr_block_association.this"
          ]
        },
        {
          "index_key": 4,
          "schema_version": 0,
          "attributes": {
            "gateway_id": "",
            "id": "rtbassoc-0127d1ab3412f5b81",
            "route_table_id": "rtb-02b85e9a2b467b216",
            "subnet_id": "subnet-05ad7c25085b8532f"
          },
          "sensitive_attributes": [],
          "private": "bnVsbA==",
          "dependencies": [
            "module.vpc.aws_route_table.private",
            "module.vpc.aws_subnet.private",
            "module.vpc.aws_vpc.this",
            "module.vpc.aws_vpc_ipv4_cidr_block_association.this"
          ]
        }
      ]
    },
    {
      "module": "module.vpc",
      "mode": "managed",
      "type": "aws_route_table_association",
      "name": "public",
      "provider": "provider[\"registry.terraform.io/hashicorp/aws\"]",
      "instances": [
        {
          "index_key": 0,
          "schema_version": 0,
          "attributes": {
            "gateway_id": "",
            "id": "rtbassoc-0dcc6bc1f26b92ab3",
            "route_table_id": "rtb-0ad19549b0878e826",
            "subnet_id": "subnet-0d03c80a7aefec338"
          },
          "sensitive_attributes": [],
          "private": "bnVsbA==",
          "dependencies": [
            "module.vpc.aws_route_table.public",
            "module.vpc.aws_subnet.public",
            "module.vpc.aws_vpc.this",
            "module.vpc.aws_vpc_ipv4_cidr_block_association.this"
          ]
        },
        {
          "index_key": 1,
          "schema_version": 0,
          "attributes": {
            "gateway_id": "",
            "id": "rtbassoc-0c7cb786a18b23c31",
            "route_table_id": "rtb-0ad19549b0878e826",
            "subnet_id": "subnet-06cca3b6b2e427bbc"
          },
          "sensitive_attributes": [],
          "private": "bnVsbA==",
          "dependencies": [
            "module.vpc.aws_route_table.public",
            "module.vpc.aws_subnet.public",
            "module.vpc.aws_vpc.this",
            "module.vpc.aws_vpc_ipv4_cidr_block_association.this"
          ]
        },
        {
          "index_key": 2,
          "schema_version": 0,
          "attributes": {
            "gateway_id": "",
            "id": "rtbassoc-01f60c01a86f56689",
            "route_table_id": "rtb-0ad19549b0878e826",
            "subnet_id": "subnet-098320b9acd83fd83"
          },
          "sensitive_attributes": [],
          "private": "bnVsbA==",
          "dependencies": [
            "module.vpc.aws_route_table.public",
            "module.vpc.aws_subnet.public",
            "module.vpc.aws_vpc.this",
            "module.vpc.aws_vpc_ipv4_cidr_block_association.this"
          ]
        },
        {
          "index_key": 3,
          "schema_version": 0,
          "attributes": {
            "gateway_id": "",
            "id": "rtbassoc-09e13e78f6a9ae21f",
            "route_table_id": "rtb-0ad19549b0878e826",
            "subnet_id": "subnet-0a8493135cc3f0865"
          },
          "sensitive_attributes": [],
          "private": "bnVsbA==",
          "dependencies": [
            "module.vpc.aws_route_table.public",
            "module.vpc.aws_subnet.public",
            "module.vpc.aws_vpc.this",
            "module.vpc.aws_vpc_ipv4_cidr_block_association.this"
          ]
        },
        {
          "index_key": 4,
          "schema_version": 0,
          "attributes": {
            "gateway_id": "",
            "id": "rtbassoc-06f94a0b7a2181337",
            "route_table_id": "rtb-0ad19549b0878e826",
            "subnet_id": "subnet-0d0f77451de372d0a"
          },
          "sensitive_attributes": [],
          "private": "bnVsbA==",
          "dependencies": [
            "module.vpc.aws_route_table.public",
            "module.vpc.aws_subnet.public",
            "module.vpc.aws_vpc.this",
            "module.vpc.aws_vpc_ipv4_cidr_block_association.this"
          ]
        }
      ]
    },
    {
      "module": "module.vpc",
      "mode": "managed",
      "type": "aws_subnet",
      "name": "private",
      "provider": "provider[\"registry.terraform.io/hashicorp/aws\"]",
      "instances": [
        {
          "index_key": 0,
          "schema_version": 1,
          "attributes": {
            "arn": "arn:aws:ec2:us-east-1:202496921663:subnet/subnet-079a5d6bd42426b38",
            "assign_ipv6_address_on_creation": false,
            "availability_zone": "us-east-1a",
            "availability_zone_id": "use1-az2",
            "cidr_block": "172.23.0.0/22",
            "customer_owned_ipv4_pool": "",
            "enable_dns64": false,
            "enable_resource_name_dns_a_record_on_launch": false,
            "enable_resource_name_dns_aaaa_record_on_launch": false,
            "id": "subnet-079a5d6bd42426b38",
            "ipv6_cidr_block": "",
            "ipv6_cidr_block_association_id": "",
            "ipv6_native": false,
            "map_customer_owned_ip_on_launch": false,
            "map_public_ip_on_launch": false,
            "outpost_arn": "",
            "owner_id": "202496921663",
            "private_dns_hostname_type_on_launch": "ip-name",
            "tags": {
              "Name": "caldera-test_private"
            },
            "tags_all": {
              "Name": "caldera-test_private"
            },
            "timeouts": null,
            "vpc_id": "vpc-0391a45b45cee9958"
          },
          "sensitive_attributes": [],
          "private": "eyJlMmJmYjczMC1lY2FhLTExZTYtOGY4OC0zNDM2M2JjN2M0YzAiOnsiY3JlYXRlIjo2MDAwMDAwMDAwMDAsImRlbGV0ZSI6MTIwMDAwMDAwMDAwMH0sInNjaGVtYV92ZXJzaW9uIjoiMSJ9",
          "dependencies": [
            "module.vpc.aws_vpc.this",
            "module.vpc.aws_vpc_ipv4_cidr_block_association.this"
          ]
        },
        {
          "index_key": 1,
          "schema_version": 1,
          "attributes": {
            "arn": "arn:aws:ec2:us-east-1:202496921663:subnet/subnet-062d962002b26f829",
            "assign_ipv6_address_on_creation": false,
            "availability_zone": "us-east-1b",
            "availability_zone_id": "use1-az4",
            "cidr_block": "172.23.32.0/22",
            "customer_owned_ipv4_pool": "",
            "enable_dns64": false,
            "enable_resource_name_dns_a_record_on_launch": false,
            "enable_resource_name_dns_aaaa_record_on_launch": false,
            "id": "subnet-062d962002b26f829",
            "ipv6_cidr_block": "",
            "ipv6_cidr_block_association_id": "",
            "ipv6_native": false,
            "map_customer_owned_ip_on_launch": false,
            "map_public_ip_on_launch": false,
            "outpost_arn": "",
            "owner_id": "202496921663",
            "private_dns_hostname_type_on_launch": "ip-name",
            "tags": {
              "Name": "caldera-test_private"
            },
            "tags_all": {
              "Name": "caldera-test_private"
            },
            "timeouts": null,
            "vpc_id": "vpc-0391a45b45cee9958"
          },
          "sensitive_attributes": [],
          "private": "eyJlMmJmYjczMC1lY2FhLTExZTYtOGY4OC0zNDM2M2JjN2M0YzAiOnsiY3JlYXRlIjo2MDAwMDAwMDAwMDAsImRlbGV0ZSI6MTIwMDAwMDAwMDAwMH0sInNjaGVtYV92ZXJzaW9uIjoiMSJ9",
          "dependencies": [
            "module.vpc.aws_vpc.this",
            "module.vpc.aws_vpc_ipv4_cidr_block_association.this"
          ]
        },
        {
          "index_key": 2,
          "schema_version": 1,
          "attributes": {
            "arn": "arn:aws:ec2:us-east-1:202496921663:subnet/subnet-00b278c96b151b429",
            "assign_ipv6_address_on_creation": false,
            "availability_zone": "us-east-1c",
            "availability_zone_id": "use1-az6",
            "cidr_block": "172.23.64.0/22",
            "customer_owned_ipv4_pool": "",
            "enable_dns64": false,
            "enable_resource_name_dns_a_record_on_launch": false,
            "enable_resource_name_dns_aaaa_record_on_launch": false,
            "id": "subnet-00b278c96b151b429",
            "ipv6_cidr_block": "",
            "ipv6_cidr_block_association_id": "",
            "ipv6_native": false,
            "map_customer_owned_ip_on_launch": false,
            "map_public_ip_on_launch": false,
            "outpost_arn": "",
            "owner_id": "202496921663",
            "private_dns_hostname_type_on_launch": "ip-name",
            "tags": {
              "Name": "caldera-test_private"
            },
            "tags_all": {
              "Name": "caldera-test_private"
            },
            "timeouts": null,
            "vpc_id": "vpc-0391a45b45cee9958"
          },
          "sensitive_attributes": [],
          "private": "eyJlMmJmYjczMC1lY2FhLTExZTYtOGY4OC0zNDM2M2JjN2M0YzAiOnsiY3JlYXRlIjo2MDAwMDAwMDAwMDAsImRlbGV0ZSI6MTIwMDAwMDAwMDAwMH0sInNjaGVtYV92ZXJzaW9uIjoiMSJ9",
          "dependencies": [
            "module.vpc.aws_vpc.this",
            "module.vpc.aws_vpc_ipv4_cidr_block_association.this"
          ]
        },
        {
          "index_key": 3,
          "schema_version": 1,
          "attributes": {
            "arn": "arn:aws:ec2:us-east-1:202496921663:subnet/subnet-03b63d6d7d215be77",
            "assign_ipv6_address_on_creation": false,
            "availability_zone": "us-east-1d",
            "availability_zone_id": "use1-az1",
            "cidr_block": "172.23.96.0/22",
            "customer_owned_ipv4_pool": "",
            "enable_dns64": false,
            "enable_resource_name_dns_a_record_on_launch": false,
            "enable_resource_name_dns_aaaa_record_on_launch": false,
            "id": "subnet-03b63d6d7d215be77",
            "ipv6_cidr_block": "",
            "ipv6_cidr_block_association_id": "",
            "ipv6_native": false,
            "map_customer_owned_ip_on_launch": false,
            "map_public_ip_on_launch": false,
            "outpost_arn": "",
            "owner_id": "202496921663",
            "private_dns_hostname_type_on_launch": "ip-name",
            "tags": {
              "Name": "caldera-test_private"
            },
            "tags_all": {
              "Name": "caldera-test_private"
            },
            "timeouts": null,
            "vpc_id": "vpc-0391a45b45cee9958"
          },
          "sensitive_attributes": [],
          "private": "eyJlMmJmYjczMC1lY2FhLTExZTYtOGY4OC0zNDM2M2JjN2M0YzAiOnsiY3JlYXRlIjo2MDAwMDAwMDAwMDAsImRlbGV0ZSI6MTIwMDAwMDAwMDAwMH0sInNjaGVtYV92ZXJzaW9uIjoiMSJ9",
          "dependencies": [
            "module.vpc.aws_vpc.this",
            "module.vpc.aws_vpc_ipv4_cidr_block_association.this"
          ]
        },
        {
          "index_key": 4,
          "schema_version": 1,
          "attributes": {
            "arn": "arn:aws:ec2:us-east-1:202496921663:subnet/subnet-05ad7c25085b8532f",
            "assign_ipv6_address_on_creation": false,
            "availability_zone": "us-east-1f",
            "availability_zone_id": "use1-az5",
            "cidr_block": "172.23.160.0/22",
            "customer_owned_ipv4_pool": "",
            "enable_dns64": false,
            "enable_resource_name_dns_a_record_on_launch": false,
            "enable_resource_name_dns_aaaa_record_on_launch": false,
            "id": "subnet-05ad7c25085b8532f",
            "ipv6_cidr_block": "",
            "ipv6_cidr_block_association_id": "",
            "ipv6_native": false,
            "map_customer_owned_ip_on_launch": false,
            "map_public_ip_on_launch": false,
            "outpost_arn": "",
            "owner_id": "202496921663",
            "private_dns_hostname_type_on_launch": "ip-name",
            "tags": {
              "Name": "caldera-test_private"
            },
            "tags_all": {
              "Name": "caldera-test_private"
            },
            "timeouts": null,
            "vpc_id": "vpc-0391a45b45cee9958"
          },
          "sensitive_attributes": [],
          "private": "eyJlMmJmYjczMC1lY2FhLTExZTYtOGY4OC0zNDM2M2JjN2M0YzAiOnsiY3JlYXRlIjo2MDAwMDAwMDAwMDAsImRlbGV0ZSI6MTIwMDAwMDAwMDAwMH0sInNjaGVtYV92ZXJzaW9uIjoiMSJ9",
          "dependencies": [
            "module.vpc.aws_vpc.this",
            "module.vpc.aws_vpc_ipv4_cidr_block_association.this"
          ]
        }
      ]
    },
    {
      "module": "module.vpc",
      "mode": "managed",
      "type": "aws_subnet",
      "name": "public",
      "provider": "provider[\"registry.terraform.io/hashicorp/aws\"]",
      "instances": [
        {
          "index_key": 0,
          "schema_version": 1,
          "attributes": {
            "arn": "arn:aws:ec2:us-east-1:202496921663:subnet/subnet-0d03c80a7aefec338",
            "assign_ipv6_address_on_creation": false,
            "availability_zone": "us-east-1a",
            "availability_zone_id": "use1-az2",
            "cidr_block": "172.23.4.0/22",
            "customer_owned_ipv4_pool": "",
            "enable_dns64": false,
            "enable_resource_name_dns_a_record_on_launch": false,
            "enable_resource_name_dns_aaaa_record_on_launch": false,
            "id": "subnet-0d03c80a7aefec338",
            "ipv6_cidr_block": "",
            "ipv6_cidr_block_association_id": "",
            "ipv6_native": false,
            "map_customer_owned_ip_on_launch": false,
            "map_public_ip_on_launch": true,
            "outpost_arn": "",
            "owner_id": "202496921663",
            "private_dns_hostname_type_on_launch": "ip-name",
            "tags": {
              "Name": "caldera-test_public"
            },
            "tags_all": {
              "Name": "caldera-test_public"
            },
            "timeouts": null,
            "vpc_id": "vpc-0391a45b45cee9958"
          },
          "sensitive_attributes": [],
          "private": "eyJlMmJmYjczMC1lY2FhLTExZTYtOGY4OC0zNDM2M2JjN2M0YzAiOnsiY3JlYXRlIjo2MDAwMDAwMDAwMDAsImRlbGV0ZSI6MTIwMDAwMDAwMDAwMH0sInNjaGVtYV92ZXJzaW9uIjoiMSJ9",
          "dependencies": [
            "module.vpc.aws_vpc.this",
            "module.vpc.aws_vpc_ipv4_cidr_block_association.this"
          ]
        },
        {
          "index_key": 1,
          "schema_version": 1,
          "attributes": {
            "arn": "arn:aws:ec2:us-east-1:202496921663:subnet/subnet-06cca3b6b2e427bbc",
            "assign_ipv6_address_on_creation": false,
            "availability_zone": "us-east-1b",
            "availability_zone_id": "use1-az4",
            "cidr_block": "172.23.36.0/22",
            "customer_owned_ipv4_pool": "",
            "enable_dns64": false,
            "enable_resource_name_dns_a_record_on_launch": false,
            "enable_resource_name_dns_aaaa_record_on_launch": false,
            "id": "subnet-06cca3b6b2e427bbc",
            "ipv6_cidr_block": "",
            "ipv6_cidr_block_association_id": "",
            "ipv6_native": false,
            "map_customer_owned_ip_on_launch": false,
            "map_public_ip_on_launch": true,
            "outpost_arn": "",
            "owner_id": "202496921663",
            "private_dns_hostname_type_on_launch": "ip-name",
            "tags": {
              "Name": "caldera-test_public"
            },
            "tags_all": {
              "Name": "caldera-test_public"
            },
            "timeouts": null,
            "vpc_id": "vpc-0391a45b45cee9958"
          },
          "sensitive_attributes": [],
          "private": "eyJlMmJmYjczMC1lY2FhLTExZTYtOGY4OC0zNDM2M2JjN2M0YzAiOnsiY3JlYXRlIjo2MDAwMDAwMDAwMDAsImRlbGV0ZSI6MTIwMDAwMDAwMDAwMH0sInNjaGVtYV92ZXJzaW9uIjoiMSJ9",
          "dependencies": [
            "module.vpc.aws_vpc.this",
            "module.vpc.aws_vpc_ipv4_cidr_block_association.this"
          ]
        },
        {
          "index_key": 2,
          "schema_version": 1,
          "attributes": {
            "arn": "arn:aws:ec2:us-east-1:202496921663:subnet/subnet-098320b9acd83fd83",
            "assign_ipv6_address_on_creation": false,
            "availability_zone": "us-east-1c",
            "availability_zone_id": "use1-az6",
            "cidr_block": "172.23.68.0/22",
            "customer_owned_ipv4_pool": "",
            "enable_dns64": false,
            "enable_resource_name_dns_a_record_on_launch": false,
            "enable_resource_name_dns_aaaa_record_on_launch": false,
            "id": "subnet-098320b9acd83fd83",
            "ipv6_cidr_block": "",
            "ipv6_cidr_block_association_id": "",
            "ipv6_native": false,
            "map_customer_owned_ip_on_launch": false,
            "map_public_ip_on_launch": true,
            "outpost_arn": "",
            "owner_id": "202496921663",
            "private_dns_hostname_type_on_launch": "ip-name",
            "tags": {
              "Name": "caldera-test_public"
            },
            "tags_all": {
              "Name": "caldera-test_public"
            },
            "timeouts": null,
            "vpc_id": "vpc-0391a45b45cee9958"
          },
          "sensitive_attributes": [],
          "private": "eyJlMmJmYjczMC1lY2FhLTExZTYtOGY4OC0zNDM2M2JjN2M0YzAiOnsiY3JlYXRlIjo2MDAwMDAwMDAwMDAsImRlbGV0ZSI6MTIwMDAwMDAwMDAwMH0sInNjaGVtYV92ZXJzaW9uIjoiMSJ9",
          "dependencies": [
            "module.vpc.aws_vpc.this",
            "module.vpc.aws_vpc_ipv4_cidr_block_association.this"
          ]
        },
        {
          "index_key": 3,
          "schema_version": 1,
          "attributes": {
            "arn": "arn:aws:ec2:us-east-1:202496921663:subnet/subnet-0a8493135cc3f0865",
            "assign_ipv6_address_on_creation": false,
            "availability_zone": "us-east-1d",
            "availability_zone_id": "use1-az1",
            "cidr_block": "172.23.100.0/22",
            "customer_owned_ipv4_pool": "",
            "enable_dns64": false,
            "enable_resource_name_dns_a_record_on_launch": false,
            "enable_resource_name_dns_aaaa_record_on_launch": false,
            "id": "subnet-0a8493135cc3f0865",
            "ipv6_cidr_block": "",
            "ipv6_cidr_block_association_id": "",
            "ipv6_native": false,
            "map_customer_owned_ip_on_launch": false,
            "map_public_ip_on_launch": true,
            "outpost_arn": "",
            "owner_id": "202496921663",
            "private_dns_hostname_type_on_launch": "ip-name",
            "tags": {
              "Name": "caldera-test_public"
            },
            "tags_all": {
              "Name": "caldera-test_public"
            },
            "timeouts": null,
            "vpc_id": "vpc-0391a45b45cee9958"
          },
          "sensitive_attributes": [],
          "private": "eyJlMmJmYjczMC1lY2FhLTExZTYtOGY4OC0zNDM2M2JjN2M0YzAiOnsiY3JlYXRlIjo2MDAwMDAwMDAwMDAsImRlbGV0ZSI6MTIwMDAwMDAwMDAwMH0sInNjaGVtYV92ZXJzaW9uIjoiMSJ9",
          "dependencies": [
            "module.vpc.aws_vpc.this",
            "module.vpc.aws_vpc_ipv4_cidr_block_association.this"
          ]
        },
        {
          "index_key": 4,
          "schema_version": 1,
          "attributes": {
            "arn": "arn:aws:ec2:us-east-1:202496921663:subnet/subnet-0d0f77451de372d0a",
            "assign_ipv6_address_on_creation": false,
            "availability_zone": "us-east-1f",
            "availability_zone_id": "use1-az5",
            "cidr_block": "172.23.164.0/22",
            "customer_owned_ipv4_pool": "",
            "enable_dns64": false,
            "enable_resource_name_dns_a_record_on_launch": false,
            "enable_resource_name_dns_aaaa_record_on_launch": false,
            "id": "subnet-0d0f77451de372d0a",
            "ipv6_cidr_block": "",
            "ipv6_cidr_block_association_id": "",
            "ipv6_native": false,
            "map_customer_owned_ip_on_launch": false,
            "map_public_ip_on_launch": true,
            "outpost_arn": "",
            "owner_id": "202496921663",
            "private_dns_hostname_type_on_launch": "ip-name",
            "tags": {
              "Name": "caldera-test_public"
            },
            "tags_all": {
              "Name": "caldera-test_public"
            },
            "timeouts": null,
            "vpc_id": "vpc-0391a45b45cee9958"
          },
          "sensitive_attributes": [],
          "private": "eyJlMmJmYjczMC1lY2FhLTExZTYtOGY4OC0zNDM2M2JjN2M0YzAiOnsiY3JlYXRlIjo2MDAwMDAwMDAwMDAsImRlbGV0ZSI6MTIwMDAwMDAwMDAwMH0sInNjaGVtYV92ZXJzaW9uIjoiMSJ9",
          "dependencies": [
            "module.vpc.aws_vpc.this",
            "module.vpc.aws_vpc_ipv4_cidr_block_association.this"
          ]
        }
      ]
    },
    {
      "module": "module.vpc",
      "mode": "managed",
      "type": "aws_vpc",
      "name": "this",
      "provider": "provider[\"registry.terraform.io/hashicorp/aws\"]",
      "instances": [
        {
          "index_key": 0,
          "schema_version": 1,
          "attributes": {
            "arn": "arn:aws:ec2:us-east-1:202496921663:vpc/vpc-0391a45b45cee9958",
            "assign_generated_ipv6_cidr_block": false,
            "cidr_block": "172.23.0.0/16",
            "default_network_acl_id": "acl-069f104ee6fa59d16",
            "default_route_table_id": "rtb-08ac65ca5f411b9b2",
            "default_security_group_id": "sg-05b825f5f81ed3fa1",
            "dhcp_options_id": "dopt-0b72f9281d38f4c68",
            "enable_classiclink": false,
            "enable_classiclink_dns_support": false,
            "enable_dns_hostnames": true,
            "enable_dns_support": true,
            "id": "vpc-0391a45b45cee9958",
            "instance_tenancy": "default",
            "ipv4_ipam_pool_id": null,
            "ipv4_netmask_length": null,
            "ipv6_association_id": "",
            "ipv6_cidr_block": "",
            "ipv6_cidr_block_network_border_group": "",
            "ipv6_ipam_pool_id": "",
            "ipv6_netmask_length": 0,
            "main_route_table_id": "rtb-08ac65ca5f411b9b2",
            "owner_id": "202496921663",
            "tags": {
              "Name": "VPC"
            },
            "tags_all": {
              "Name": "VPC"
            }
          },
          "sensitive_attributes": [],
          "private": "eyJzY2hlbWFfdmVyc2lvbiI6IjEifQ=="
        }
      ]
    }
  ]
}
