{
  "version": 4,
  "terraform_version": "1.2.4",
  "serial": 33,
  "lineage": "f73f0281-7943-48cf-d98d-b9b03ed9cd09",
  "outputs": {
    "caldera_server_ip": {
      "value": "52.202.148.202",
      "type": "string"
    },
    "rsa_private_key": {
      "value": "-----BEGIN RSA PRIVATE KEY-----\nMIIJKAIBAAKCAgEAx0geBPjaYc2cpQchmWJyx0YRSGTJOOC6FJ9yjPivAC8jS9Uv\nc63ds5vHzMQgCiZEXf7TbM3Ta03zDA7XkIvMLZI5FMA8p+efj7qcFRKtQn9Mb43p\nezr/Whiimeml3o9lXvL8g737jeQTUp+sI64qDOEJ5zjJ7C11GwqI3I/Yh03mOObC\nb2u6IFyf4dSjEk9wPpfwp5qgDUGkzghm/HRvcB8qG6NwseBGMhHAky7uQ7hgEwgf\nqiFwmYr5Jwu58UgeppJUC2LRqks01MS+3r6AB2lmFndICWegc5WQlG+gK5keFgxQ\nT8sTzzCSfwUlVjGx3k3gK1l7HlXoR9IgWz4Gwicf2/154ARQaYDe/hWUMgM7nT32\nMFf2Okty4+y0AP+BIvqIxF5sfGMxHj0F5TXTaaxpdm16TdTkg0hiXGj4ZsFk0n+g\nzGIy9Y1tjlPvSesq7goUz4lIMT8cE+ws+3yz99TyVPgqRLB/Bgldc0mb4spnC3RI\nv9nfwo5dR1CwUozXsAJ2RL1SIhTeFaNJIn0gmW0qKtIMkklTUgJVTdd+DYGYAFNC\n7MxGaf4pwDME+DPM9vngFd/y0nsCnHWy7ISo3ybi78iF4KTWNOcUbLjjBx3PtFTa\nD9fOYl7ucSkfXA0ylM+q9oTHfXQIeVyOwrPDFheNLSbUfRyMmVbTlZbVHscCAwEA\nAQKCAgArgc8r/riOybj9PoVTW277moyDZZ2Y0VdO0VDM/i4WuDPYhn6JntfcMpJ4\nXgkwrhIXA19dTcJuluINK+BcKmk1OctEgIO9lI/9bRxObXluHySs5iqnQMYnAWHe\ngGg6Isxa4mnGyV92JukhDMMkNw3vKeJjnL5Y1cPPV4lxveXkBFnS6m5grQBBuHcf\ncrD3emhjAgEEVnnC6yXz5Vm2nCUIMYWb6x7bdr9chwuoFoLmPgaboRZoqkxO+UxT\n/fdmefxXGXNH2Rc1Op4aJaoWLzj8ZUJofTo482rQUULzZTtuyUsMPTv7b7avcUdK\ne/Ee1FKk2hOq4ypCATdpFrMBuJT4w3oXCaKahymLo7stTyqoG6//fCN+DzNhMFbX\n6QH/5NeKlCY8ozjUEYtBS7b+pXZ/ntcmiI4M0Fv3SmvUZmECa66LCXc4mopMRqqX\nN0Ag2d/mJIgXjz6rvX++9gUAG4t0+p3iJ2T4EEw5sLbNYCrjrsJr91J+StAeyynu\nIleVtlohssJfKPLP0S44dlHiogFmQPjs573aI8rcrzWsxOB+uLlBPliKiX+tKl76\ncHB3jDqA/MvWanxT2fy60t725MkaYnxZwhizgmf+7o0XHI/7qds3k6Tq2kR1z3NF\nAYnnKhkns+cMprTOZeOag6/rP5f6XHf8c1aGV9ndio3kHvnTAQKCAQEA8otVi4v9\ngjc+r8Zj40YJVFQROXkg954o2nJV3qeJOrHfqxDYdl8IDKVhxEi46+0PecrkO2Ic\nyNbI4REEHN+H21UqVVpNXPgIYd5cRtz+chhCFXGF/ES1su7c2nRy4fTYAL6cXllp\np0vokM0F29IJvF9k0/o8KDvafAq3SOaDiMswRStCqbfwmQaEYWL/JLONg14/A41N\nx76VBB6dYnuBWK1YQ2g7O51idLx2flKaK9i7LYNqHz6YjRQD/SHADbdZI5YjC5FW\n16+bdkVFjZzTHllBbvPacEROYYN350bhkUtHDcqw2hIVmpyQqLKmigQtx8ujIWZW\n4vjiMWQ0Si2G5wKCAQEA0lZb3eWCJUXY63RVl5M8QEIGLqkbWgUvXK0aC5TKF9bJ\nuKjJ4qigmK/mJJHCpUWpeLTyiC5IHty1x87A9lVClL4FNC7XcojitDQge976fki0\nm5EbeQGRhBk9Q5rLcIdvTeN6q93kB+gBHPKnRkcqr06rY9vnlHgBomBsdMGTy0xD\n9sLZy7Zgpb6h2gLkOV1eUUyRQr8SqkkU/Crhgd6gm0iE24GA7wTydYdAstsEs4nK\nKQc7ffQGAD48lZeC/se+Duqs2K4DxRKJSs5WBEkiJPwKkl7BsWkDGfROH3DVu87w\nMtVP8PZxCIybx39gYF3BFYdowQd9fuxKyMOjxVsNIQKCAQBgnXQ0JE2Vo2ALMOH1\nVJ6+wsYhuMiTGqN3cPgXu3EEuno4cHtpm61fLDnnsHhJMqNphpKnvQtuTXCzhs22\nmqxJiIFWgqQylnLwWV00tS9+T39zf0c6GDywzEmZk613qMqqcUNkqgVWKPy5QZJF\n4EMUkINflVyFQmJj6vjbx0c6JIZT50mkxarHqjrteDveaM/ENrSvO4hyOs6tV2ym\nIECEDHkOUOTXeHgRvEkPROQ49xqIpMKPM6Yc/I4iNWGFlTWi4VmQcBLB1Cf/UtTD\n9mZ6vl88TVMESZFXcsE+lZOhBvWE3urX00Bb2GYfbRq9+7Ao2EthMJ0HyNCBkELs\nEXqdAoIBAFur3cAZLh62kXMVMdStC/5piC4/77bNObYnj4lqoKXBLAu6LLsHiW7i\nguh/SpkjglgkbOvjV/VzdhqORtVVlX4kTzpODAJUHJIzgdDa/suZPnXqyVF02In9\nQhE73ty9eko1EZrkS2USvaFzNGpRzA25uML97bFsmDG/2qUMVTCunZRnmerKItc5\n/Wp6BiPmSJwgRdMUWbszvNymh8BFWjQzaAwPJjWGL3H/r7gD8smZDS3ShCBCAXeL\nqHX+Ic6PGYuAxjJtrSDwEjwzL5QQl7wMyUK/36VFwl9GdeIIGG8RIujUxVGc5ui1\n95L8NfHqCqQqbwJqFE0ECRf1BGSYaWECggEBAL71REJKhSU0hx7gJmLD/s11OpUI\n5OxeJu/mxbRYf9bS1PV0aFiDDakU3KEcDvShiv0gBIYfk/xxJwHZ1PHM84ggvpwd\n+3g9t9yowqcXy+OKGWfOzoh2UbQJOKpS/mwbm81L2bWH4TJV+dnPr4s/Rgt2G56e\nlEXDj/NgM9tLp4RfElthWghOrdD6BkCdEACAQFR3jBzTD4op9EhoZ/d71dKCvdOX\noFOKv4KKcRl3LdkA7QyuPE6jW0qIidr50gBbNpEbtgsi2QK5HfAla1euBKppUZ/J\nled6xpLd0FVlH4JSxjHJsONvPD+a610u/zHZfgPu9WPCG+wmZxbHxhO2vFE=\n-----END RSA PRIVATE KEY-----\n",
      "type": "string"
    }
  },
  "resources": [
    {
      "mode": "managed",
      "type": "aws_instance",
      "name": "caldera_server",
      "provider": "provider[\"registry.terraform.io/hashicorp/aws\"]",
      "instances": [
        {
          "schema_version": 1,
          "attributes": {
            "ami": "ami-09d56f8956ab235b3",
            "arn": "arn:aws:ec2:us-east-1:763023262792:instance/i-04fcce1f09f87024e",
            "associate_public_ip_address": true,
            "availability_zone": "us-east-1a",
            "capacity_reservation_specification": [
              {
                "capacity_reservation_preference": "open",
                "capacity_reservation_target": []
              }
            ],
            "cpu_core_count": 1,
            "cpu_threads_per_core": 2,
            "credit_specification": [
              {
                "cpu_credits": "unlimited"
              }
            ],
            "disable_api_stop": false,
            "disable_api_termination": false,
            "ebs_block_device": [],
            "ebs_optimized": false,
            "enclave_options": [
              {
                "enabled": false
              }
            ],
            "ephemeral_block_device": [],
            "get_password_data": false,
            "hibernation": false,
            "host_id": null,
            "iam_instance_profile": "",
            "id": "i-04fcce1f09f87024e",
            "instance_initiated_shutdown_behavior": "stop",
            "instance_state": "running",
            "instance_type": "t3.medium",
            "ipv6_address_count": 0,
            "ipv6_addresses": [],
            "key_name": "caldera-node",
            "launch_template": [],
            "maintenance_options": [
              {
                "auto_recovery": "default"
              }
            ],
            "metadata_options": [
              {
                "http_endpoint": "enabled",
                "http_put_response_hop_limit": 1,
                "http_tokens": "optional",
                "instance_metadata_tags": "disabled"
              }
            ],
            "monitoring": false,
            "network_interface": [],
            "outpost_arn": "",
            "password_data": "",
            "placement_group": "",
            "placement_partition_number": null,
            "primary_network_interface_id": "eni-00479c05e69202051",
            "private_dns": "ip-172-23-6-95.ec2.internal",
            "private_dns_name_options": [
              {
                "enable_resource_name_dns_a_record": false,
                "enable_resource_name_dns_aaaa_record": false,
                "hostname_type": "ip-name"
              }
            ],
            "private_ip": "172.23.6.95",
            "public_dns": "ec2-52-202-148-202.compute-1.amazonaws.com",
            "public_ip": "52.202.148.202",
            "root_block_device": [
              {
                "delete_on_termination": true,
                "device_name": "/dev/sda1",
                "encrypted": false,
                "iops": 100,
                "kms_key_id": "",
                "tags": {},
                "throughput": 0,
                "volume_id": "vol-0b8b37874ab47be08",
                "volume_size": 8,
                "volume_type": "gp2"
              }
            ],
            "secondary_private_ips": [],
            "security_groups": [],
            "source_dest_check": true,
            "subnet_id": "subnet-0b9f8ad584791a8fc",
            "tags": {
              "Name": "caldera_server",
              "environment": "caldera-test"
            },
            "tags_all": {
              "Name": "caldera_server",
              "environment": "caldera-test"
            },
            "tenancy": "default",
            "timeouts": null,
            "user_data": "40871111b73dea6b5d322930f8e792b4e96fbfa4",
            "user_data_base64": null,
            "user_data_replace_on_change": false,
            "volume_tags": null,
            "vpc_security_group_ids": [
              "sg-0433a5bc2d02e77e0"
            ]
          },
          "sensitive_attributes": [],
          "private": "eyJlMmJmYjczMC1lY2FhLTExZTYtOGY4OC0zNDM2M2JjN2M0YzAiOnsiY3JlYXRlIjo2MDAwMDAwMDAwMDAsImRlbGV0ZSI6MTIwMDAwMDAwMDAwMCwidXBkYXRlIjo2MDAwMDAwMDAwMDB9LCJzY2hlbWFfdmVyc2lvbiI6IjEifQ==",
          "dependencies": [
            "aws_security_group.sg_caldera_server",
            "module.aws_rsa_key.aws_key_pair.worker",
            "module.aws_rsa_key.local_file.ssh_local",
            "module.aws_rsa_key.tls_private_key.ssh_key",
            "module.vpc.aws_cloudwatch_log_group.flow_log",
            "module.vpc.aws_customer_gateway.this",
            "module.vpc.aws_db_subnet_group.database",
            "module.vpc.aws_default_network_acl.this",
            "module.vpc.aws_default_route_table.default",
            "module.vpc.aws_default_security_group.this",
            "module.vpc.aws_default_vpc.this",
            "module.vpc.aws_egress_only_internet_gateway.this",
            "module.vpc.aws_eip.nat",
            "module.vpc.aws_elasticache_subnet_group.elasticache",
            "module.vpc.aws_flow_log.this",
            "module.vpc.aws_iam_policy.vpc_flow_log_cloudwatch",
            "module.vpc.aws_iam_role.vpc_flow_log_cloudwatch",
            "module.vpc.aws_iam_role_policy_attachment.vpc_flow_log_cloudwatch",
            "module.vpc.aws_internet_gateway.this",
            "module.vpc.aws_nat_gateway.this",
            "module.vpc.aws_network_acl.database",
            "module.vpc.aws_network_acl.elasticache",
            "module.vpc.aws_network_acl.intra",
            "module.vpc.aws_network_acl.outpost",
            "module.vpc.aws_network_acl.private",
            "module.vpc.aws_network_acl.public",
            "module.vpc.aws_network_acl.redshift",
            "module.vpc.aws_network_acl_rule.database_inbound",
            "module.vpc.aws_network_acl_rule.database_outbound",
            "module.vpc.aws_network_acl_rule.elasticache_inbound",
            "module.vpc.aws_network_acl_rule.elasticache_outbound",
            "module.vpc.aws_network_acl_rule.intra_inbound",
            "module.vpc.aws_network_acl_rule.intra_outbound",
            "module.vpc.aws_network_acl_rule.outpost_inbound",
            "module.vpc.aws_network_acl_rule.outpost_outbound",
            "module.vpc.aws_network_acl_rule.private_inbound",
            "module.vpc.aws_network_acl_rule.private_outbound",
            "module.vpc.aws_network_acl_rule.public_inbound",
            "module.vpc.aws_network_acl_rule.public_outbound",
            "module.vpc.aws_network_acl_rule.redshift_inbound",
            "module.vpc.aws_network_acl_rule.redshift_outbound",
            "module.vpc.aws_redshift_subnet_group.redshift",
            "module.vpc.aws_route.database_internet_gateway",
            "module.vpc.aws_route.database_ipv6_egress",
            "module.vpc.aws_route.database_nat_gateway",
            "module.vpc.aws_route.private_ipv6_egress",
            "module.vpc.aws_route.private_nat_gateway",
            "module.vpc.aws_route.public_internet_gateway",
            "module.vpc.aws_route.public_internet_gateway_ipv6",
            "module.vpc.aws_route_table.database",
            "module.vpc.aws_route_table.elasticache",
            "module.vpc.aws_route_table.intra",
            "module.vpc.aws_route_table.private",
            "module.vpc.aws_route_table.public",
            "module.vpc.aws_route_table.redshift",
            "module.vpc.aws_route_table_association.database",
            "module.vpc.aws_route_table_association.elasticache",
            "module.vpc.aws_route_table_association.intra",
            "module.vpc.aws_route_table_association.outpost",
            "module.vpc.aws_route_table_association.private",
            "module.vpc.aws_route_table_association.public",
            "module.vpc.aws_route_table_association.redshift",
            "module.vpc.aws_route_table_association.redshift_public",
            "module.vpc.aws_subnet.database",
            "module.vpc.aws_subnet.elasticache",
            "module.vpc.aws_subnet.intra",
            "module.vpc.aws_subnet.outpost",
            "module.vpc.aws_subnet.private",
            "module.vpc.aws_subnet.public",
            "module.vpc.aws_subnet.redshift",
            "module.vpc.aws_vpc.this",
            "module.vpc.aws_vpc_dhcp_options.this",
            "module.vpc.aws_vpc_dhcp_options_association.this",
            "module.vpc.aws_vpc_ipv4_cidr_block_association.this",
            "module.vpc.aws_vpn_gateway.this",
            "module.vpc.aws_vpn_gateway_attachment.this",
            "module.vpc.aws_vpn_gateway_route_propagation.intra",
            "module.vpc.aws_vpn_gateway_route_propagation.private",
            "module.vpc.aws_vpn_gateway_route_propagation.public",
            "module.vpc.data.aws_iam_policy_document.flow_log_cloudwatch_assume_role",
            "module.vpc.data.aws_iam_policy_document.vpc_flow_log_cloudwatch"
          ]
        }
      ]
    },
    {
      "mode": "managed",
      "type": "aws_security_group",
      "name": "sg_caldera_server",
      "provider": "provider[\"registry.terraform.io/hashicorp/aws\"]",
      "instances": [
        {
          "schema_version": 1,
          "attributes": {
            "arn": "arn:aws:ec2:us-east-1:763023262792:security-group/sg-0433a5bc2d02e77e0",
            "description": "Allow ports for caldera server",
            "egress": [
              {
                "cidr_blocks": [
                  "0.0.0.0/0"
                ],
                "description": "",
                "from_port": 0,
                "ipv6_cidr_blocks": [],
                "prefix_list_ids": [],
                "protocol": "-1",
                "security_groups": [],
                "self": false,
                "to_port": 0
              }
            ],
            "id": "sg-0433a5bc2d02e77e0",
            "ingress": [
              {
                "cidr_blocks": [
                  "0.0.0.0/0"
                ],
                "description": "Caldera server port",
                "from_port": 2288,
                "ipv6_cidr_blocks": [],
                "prefix_list_ids": [],
                "protocol": "tcp",
                "security_groups": [],
                "self": false,
                "to_port": 2288
              },
              {
                "cidr_blocks": [
                  "0.0.0.0/0"
                ],
                "description": "SSH from VPC",
                "from_port": 22,
                "ipv6_cidr_blocks": [],
                "prefix_list_ids": [],
                "protocol": "tcp",
                "security_groups": [],
                "self": false,
                "to_port": 22
              }
            ],
            "name": "sg_caldera_linux",
            "name_prefix": "",
            "owner_id": "763023262792",
            "revoke_rules_on_delete": false,
            "tags": {
              "environment": "caldera-test"
            },
            "tags_all": {
              "environment": "caldera-test"
            },
            "timeouts": null,
            "vpc_id": "vpc-05e7960a51f2957c5"
          },
          "sensitive_attributes": [],
          "private": "eyJlMmJmYjczMC1lY2FhLTExZTYtOGY4OC0zNDM2M2JjN2M0YzAiOnsiY3JlYXRlIjo2MDAwMDAwMDAwMDAsImRlbGV0ZSI6OTAwMDAwMDAwMDAwfSwic2NoZW1hX3ZlcnNpb24iOiIxIn0=",
          "dependencies": [
            "module.vpc.aws_vpc.this"
          ]
        }
      ]
    },
    {
      "module": "module.aws_rsa_key",
      "mode": "managed",
      "type": "aws_key_pair",
      "name": "worker",
      "provider": "provider[\"registry.terraform.io/hashicorp/aws\"]",
      "instances": [
        {
          "schema_version": 1,
          "attributes": {
            "arn": "arn:aws:ec2:us-east-1:763023262792:key-pair/caldera-node",
            "fingerprint": "f6:65:4c:40:3a:0d:82:a7:7a:b4:18:4d:35:1c:67:23",
            "id": "caldera-node",
            "key_name": "caldera-node",
            "key_name_prefix": "",
            "key_pair_id": "key-02cd59b15becc850d",
            "key_type": "rsa",
            "public_key": "ssh-rsa AAAAB3NzaC1yc2EAAAADAQABAAACAQDHSB4E+NphzZylByGZYnLHRhFIZMk44LoUn3KM+K8ALyNL1S9zrd2zm8fMxCAKJkRd/tNszdNrTfMMDteQi8wtkjkUwDyn55+PupwVEq1Cf0xvjel7Ov9aGKKZ6aXej2Ve8vyDvfuN5BNSn6wjrioM4QnnOMnsLXUbCojcj9iHTeY45sJva7ogXJ/h1KMST3A+l/CnmqANQaTOCGb8dG9wHyobo3Cx4EYyEcCTLu5DuGATCB+qIXCZivknC7nxSB6mklQLYtGqSzTUxL7evoAHaWYWd0gJZ6BzlZCUb6ArmR4WDFBPyxPPMJJ/BSVWMbHeTeArWXseVehH0iBbPgbCJx/b/XngBFBpgN7+FZQyAzudPfYwV/Y6S3Lj7LQA/4Ei+ojEXmx8YzEePQXlNdNprGl2bXpN1OSDSGJcaPhmwWTSf6DMYjL1jW2OU+9J6yruChTPiUgxPxwT7Cz7fLP31PJU+CpEsH8GCV1zSZviymcLdEi/2d/Cjl1HULBSjNewAnZEvVIiFN4Vo0kifSCZbSoq0gySSVNSAlVN134NgZgAU0LszEZp/inAMwT4M8z2+eAV3/LSewKcdbLshKjfJuLvyIXgpNY05xRsuOMHHc+0VNoP185iXu5xKR9cDTKUz6r2hMd9dAh5XI7Cs8MWF40tJtR9HIyZVtOVltUexw==",
            "tags": null,
            "tags_all": {}
          },
          "sensitive_attributes": [],
          "private": "eyJzY2hlbWFfdmVyc2lvbiI6IjEifQ==",
          "dependencies": [
            "module.aws_rsa_key.tls_private_key.ssh_key",
            "module.vpc.aws_cloudwatch_log_group.flow_log",
            "module.vpc.aws_customer_gateway.this",
            "module.vpc.aws_db_subnet_group.database",
            "module.vpc.aws_default_network_acl.this",
            "module.vpc.aws_default_route_table.default",
            "module.vpc.aws_default_security_group.this",
            "module.vpc.aws_default_vpc.this",
            "module.vpc.aws_egress_only_internet_gateway.this",
            "module.vpc.aws_eip.nat",
            "module.vpc.aws_elasticache_subnet_group.elasticache",
            "module.vpc.aws_flow_log.this",
            "module.vpc.aws_iam_policy.vpc_flow_log_cloudwatch",
            "module.vpc.aws_iam_role.vpc_flow_log_cloudwatch",
            "module.vpc.aws_iam_role_policy_attachment.vpc_flow_log_cloudwatch",
            "module.vpc.aws_internet_gateway.this",
            "module.vpc.aws_nat_gateway.this",
            "module.vpc.aws_network_acl.database",
            "module.vpc.aws_network_acl.elasticache",
            "module.vpc.aws_network_acl.intra",
            "module.vpc.aws_network_acl.outpost",
            "module.vpc.aws_network_acl.private",
            "module.vpc.aws_network_acl.public",
            "module.vpc.aws_network_acl.redshift",
            "module.vpc.aws_network_acl_rule.database_inbound",
            "module.vpc.aws_network_acl_rule.database_outbound",
            "module.vpc.aws_network_acl_rule.elasticache_inbound",
            "module.vpc.aws_network_acl_rule.elasticache_outbound",
            "module.vpc.aws_network_acl_rule.intra_inbound",
            "module.vpc.aws_network_acl_rule.intra_outbound",
            "module.vpc.aws_network_acl_rule.outpost_inbound",
            "module.vpc.aws_network_acl_rule.outpost_outbound",
            "module.vpc.aws_network_acl_rule.private_inbound",
            "module.vpc.aws_network_acl_rule.private_outbound",
            "module.vpc.aws_network_acl_rule.public_inbound",
            "module.vpc.aws_network_acl_rule.public_outbound",
            "module.vpc.aws_network_acl_rule.redshift_inbound",
            "module.vpc.aws_network_acl_rule.redshift_outbound",
            "module.vpc.aws_redshift_subnet_group.redshift",
            "module.vpc.aws_route.database_internet_gateway",
            "module.vpc.aws_route.database_ipv6_egress",
            "module.vpc.aws_route.database_nat_gateway",
            "module.vpc.aws_route.private_ipv6_egress",
            "module.vpc.aws_route.private_nat_gateway",
            "module.vpc.aws_route.public_internet_gateway",
            "module.vpc.aws_route.public_internet_gateway_ipv6",
            "module.vpc.aws_route_table.database",
            "module.vpc.aws_route_table.elasticache",
            "module.vpc.aws_route_table.intra",
            "module.vpc.aws_route_table.private",
            "module.vpc.aws_route_table.public",
            "module.vpc.aws_route_table.redshift",
            "module.vpc.aws_route_table_association.database",
            "module.vpc.aws_route_table_association.elasticache",
            "module.vpc.aws_route_table_association.intra",
            "module.vpc.aws_route_table_association.outpost",
            "module.vpc.aws_route_table_association.private",
            "module.vpc.aws_route_table_association.public",
            "module.vpc.aws_route_table_association.redshift",
            "module.vpc.aws_route_table_association.redshift_public",
            "module.vpc.aws_subnet.database",
            "module.vpc.aws_subnet.elasticache",
            "module.vpc.aws_subnet.intra",
            "module.vpc.aws_subnet.outpost",
            "module.vpc.aws_subnet.private",
            "module.vpc.aws_subnet.public",
            "module.vpc.aws_subnet.redshift",
            "module.vpc.aws_vpc.this",
            "module.vpc.aws_vpc_dhcp_options.this",
            "module.vpc.aws_vpc_dhcp_options_association.this",
            "module.vpc.aws_vpc_ipv4_cidr_block_association.this",
            "module.vpc.aws_vpn_gateway.this",
            "module.vpc.aws_vpn_gateway_attachment.this",
            "module.vpc.aws_vpn_gateway_route_propagation.intra",
            "module.vpc.aws_vpn_gateway_route_propagation.private",
            "module.vpc.aws_vpn_gateway_route_propagation.public",
            "module.vpc.data.aws_iam_policy_document.flow_log_cloudwatch_assume_role",
            "module.vpc.data.aws_iam_policy_document.vpc_flow_log_cloudwatch"
          ]
        }
      ]
    },
    {
      "module": "module.aws_rsa_key",
      "mode": "managed",
      "type": "tls_private_key",
      "name": "ssh_key",
      "provider": "provider[\"registry.terraform.io/hashicorp/tls\"]",
      "instances": [
        {
          "schema_version": 0,
          "attributes": {
            "algorithm": "RSA",
            "ecdsa_curve": "P224",
            "id": "31ef6058980bd33bd51649d48c5f9a3649bd7424",
            "private_key_openssh": "-----BEGIN OPENSSH PRIVATE KEY-----\nb3BlbnNzaC1rZXktdjEAAAAABG5vbmUAAAAEbm9uZQAAAAAAAAABAAACFwAAAAdz\nc2gtcnNhAAAAAwEAAQAAAgEAx0geBPjaYc2cpQchmWJyx0YRSGTJOOC6FJ9yjPiv\nAC8jS9Uvc63ds5vHzMQgCiZEXf7TbM3Ta03zDA7XkIvMLZI5FMA8p+efj7qcFRKt\nQn9Mb43pezr/Whiimeml3o9lXvL8g737jeQTUp+sI64qDOEJ5zjJ7C11GwqI3I/Y\nh03mOObCb2u6IFyf4dSjEk9wPpfwp5qgDUGkzghm/HRvcB8qG6NwseBGMhHAky7u\nQ7hgEwgfqiFwmYr5Jwu58UgeppJUC2LRqks01MS+3r6AB2lmFndICWegc5WQlG+g\nK5keFgxQT8sTzzCSfwUlVjGx3k3gK1l7HlXoR9IgWz4Gwicf2/154ARQaYDe/hWU\nMgM7nT32MFf2Okty4+y0AP+BIvqIxF5sfGMxHj0F5TXTaaxpdm16TdTkg0hiXGj4\nZsFk0n+gzGIy9Y1tjlPvSesq7goUz4lIMT8cE+ws+3yz99TyVPgqRLB/Bgldc0mb\n4spnC3RIv9nfwo5dR1CwUozXsAJ2RL1SIhTeFaNJIn0gmW0qKtIMkklTUgJVTdd+\nDYGYAFNC7MxGaf4pwDME+DPM9vngFd/y0nsCnHWy7ISo3ybi78iF4KTWNOcUbLjj\nBx3PtFTaD9fOYl7ucSkfXA0ylM+q9oTHfXQIeVyOwrPDFheNLSbUfRyMmVbTlZbV\nHscAAAc4+ZQCjfmUAo0AAAAHc3NoLXJzYQAAAgEAx0geBPjaYc2cpQchmWJyx0YR\nSGTJOOC6FJ9yjPivAC8jS9Uvc63ds5vHzMQgCiZEXf7TbM3Ta03zDA7XkIvMLZI5\nFMA8p+efj7qcFRKtQn9Mb43pezr/Whiimeml3o9lXvL8g737jeQTUp+sI64qDOEJ\n5zjJ7C11GwqI3I/Yh03mOObCb2u6IFyf4dSjEk9wPpfwp5qgDUGkzghm/HRvcB8q\nG6NwseBGMhHAky7uQ7hgEwgfqiFwmYr5Jwu58UgeppJUC2LRqks01MS+3r6AB2lm\nFndICWegc5WQlG+gK5keFgxQT8sTzzCSfwUlVjGx3k3gK1l7HlXoR9IgWz4Gwicf\n2/154ARQaYDe/hWUMgM7nT32MFf2Okty4+y0AP+BIvqIxF5sfGMxHj0F5TXTaaxp\ndm16TdTkg0hiXGj4ZsFk0n+gzGIy9Y1tjlPvSesq7goUz4lIMT8cE+ws+3yz99Ty\nVPgqRLB/Bgldc0mb4spnC3RIv9nfwo5dR1CwUozXsAJ2RL1SIhTeFaNJIn0gmW0q\nKtIMkklTUgJVTdd+DYGYAFNC7MxGaf4pwDME+DPM9vngFd/y0nsCnHWy7ISo3ybi\n78iF4KTWNOcUbLjjBx3PtFTaD9fOYl7ucSkfXA0ylM+q9oTHfXQIeVyOwrPDFheN\nLSbUfRyMmVbTlZbVHscAAAADAQABAAACACuBzyv+uI7JuP0+hVNbbvuajINlnZjR\nV07RUMz+Lha4M9iGfome19wyknheCTCuEhcDX11Nwm6W4g0r4FwqaTU5y0SAg72U\nj/1tHE5teW4fJKzmKqdAxicBYd6AaDoizFriacbJX3Ym6SEMwyQ3De8p4mOcvljV\nw89XiXG95eQEWdLqbmCtAEG4dx9ysPd6aGMCAQRWecLrJfPlWbacJQgxhZvrHtt2\nv1yHC6gWguY+BpuhFmiqTE75TFP992Z5/FcZc0fZFzU6nholqhYvOPxlQmh9Ojjz\natBRQvNlO27JSww9O/tvtq9xR0p78R7UUqTaE6rjKkIBN2kWswG4lPjDehcJopqH\nKYujuy1PKqgbr/98I34PM2EwVtfpAf/k14qUJjyjONQRi0FLtv6ldn+e1yaIjgzQ\nW/dKa9RmYQJrrosJdziaikxGqpc3QCDZ3+YkiBePPqu9f772BQAbi3T6neInZPgQ\nTDmwts1gKuOuwmv3Un5K0B7LKe4iV5W2WiGywl8o8s/RLjh2UeKiAWZA+Oznvdoj\nytyvNazE4H64uUE+WIqJf60qXvpwcHeMOoD8y9ZqfFPZ/LrS3vbkyRpifFnCGLOC\nZ/7ujRccj/up2zeTpOraRHXPc0UBiecqGSez5wymtM5l45qDr+s/l/pcd/xzVoZX\n2d2KjeQe+dMBAAABAQC+9URCSoUlNIce4CZiw/7NdTqVCOTsXibv5sW0WH/W0tT1\ndGhYgw2pFNyhHA70oYr9IASGH5P8cScB2dTxzPOIIL6cHft4PbfcqMKnF8vjihln\nzs6IdlG0CTiqUv5sG5vNS9m1h+EyVfnZz6+LP0YLdhuenpRFw4/zYDPbS6eEXxJb\nYVoITq3Q+gZAnRAAgEBUd4wc0w+KKfRIaGf3e9XSgr3Tl6BTir+CinEZdy3ZAO0M\nrjxOo1tKiIna+dIAWzaRG7YLItkCuR3wJWtXrgSqaVGfyZXnesaS3dBVZR+CUsYx\nybDjbzw/mutdLv8x2X4D7vVjwhvsJmcWx8YTtrxRAAABAQDyi1WLi/2CNz6vxmPj\nRglUVBE5eSD3nijaclXep4k6sd+rENh2XwgMpWHESLjr7Q95yuQ7YhzI1sjhEQQc\n34fbVSpVWk1c+Ahh3lxG3P5yGEIVcYX8RLWy7tzadHLh9NgAvpxeWWmnS+iQzQXb\n0gm8X2TT+jwoO9p8CrdI5oOIyzBFK0Kpt/CZBoRhYv8ks42DXj8DjU3HvpUEHp1i\ne4FYrVhDaDs7nWJ0vHZ+Upor2Lstg2ofPpiNFAP9IcANt1kjliMLkVbXr5t2RUWN\nnNMeWUFu89pwRE5hg3fnRuGRS0cNyrDaEhWanJCosqaKBC3Hy6MhZlbi+OIxZDRK\nLYbnAAABAQDSVlvd5YIlRdjrdFWXkzxAQgYuqRtaBS9crRoLlMoX1sm4qMniqKCY\nr+YkkcKlRal4tPKILkge3LXHzsD2VUKUvgU0LtdyiOK0NCB73vp+SLSbkRt5AZGE\nGT1Dmstwh29N43qr3eQH6AEc8qdGRyqvTqtj2+eUeAGiYGx0wZPLTEP2wtnLtmCl\nvqHaAuQ5XV5RTJFCvxKqSRT8KuGB3qCbSITbgYDvBPJ1h0Cy2wSzicopBzt99AYA\nPjyVl4L+x74O6qzYrgPFEolKzlYESSIk/AqSXsGxaQMZ9E4fcNW7zvAy1U/w9nEI\njJvHf2BgXcEVh2jBB31+7ErIw6PFWw0hAAAAAAEC\n-----END OPENSSH PRIVATE KEY-----\n",
            "private_key_pem": "-----BEGIN RSA PRIVATE KEY-----\nMIIJKAIBAAKCAgEAx0geBPjaYc2cpQchmWJyx0YRSGTJOOC6FJ9yjPivAC8jS9Uv\nc63ds5vHzMQgCiZEXf7TbM3Ta03zDA7XkIvMLZI5FMA8p+efj7qcFRKtQn9Mb43p\nezr/Whiimeml3o9lXvL8g737jeQTUp+sI64qDOEJ5zjJ7C11GwqI3I/Yh03mOObC\nb2u6IFyf4dSjEk9wPpfwp5qgDUGkzghm/HRvcB8qG6NwseBGMhHAky7uQ7hgEwgf\nqiFwmYr5Jwu58UgeppJUC2LRqks01MS+3r6AB2lmFndICWegc5WQlG+gK5keFgxQ\nT8sTzzCSfwUlVjGx3k3gK1l7HlXoR9IgWz4Gwicf2/154ARQaYDe/hWUMgM7nT32\nMFf2Okty4+y0AP+BIvqIxF5sfGMxHj0F5TXTaaxpdm16TdTkg0hiXGj4ZsFk0n+g\nzGIy9Y1tjlPvSesq7goUz4lIMT8cE+ws+3yz99TyVPgqRLB/Bgldc0mb4spnC3RI\nv9nfwo5dR1CwUozXsAJ2RL1SIhTeFaNJIn0gmW0qKtIMkklTUgJVTdd+DYGYAFNC\n7MxGaf4pwDME+DPM9vngFd/y0nsCnHWy7ISo3ybi78iF4KTWNOcUbLjjBx3PtFTa\nD9fOYl7ucSkfXA0ylM+q9oTHfXQIeVyOwrPDFheNLSbUfRyMmVbTlZbVHscCAwEA\nAQKCAgArgc8r/riOybj9PoVTW277moyDZZ2Y0VdO0VDM/i4WuDPYhn6JntfcMpJ4\nXgkwrhIXA19dTcJuluINK+BcKmk1OctEgIO9lI/9bRxObXluHySs5iqnQMYnAWHe\ngGg6Isxa4mnGyV92JukhDMMkNw3vKeJjnL5Y1cPPV4lxveXkBFnS6m5grQBBuHcf\ncrD3emhjAgEEVnnC6yXz5Vm2nCUIMYWb6x7bdr9chwuoFoLmPgaboRZoqkxO+UxT\n/fdmefxXGXNH2Rc1Op4aJaoWLzj8ZUJofTo482rQUULzZTtuyUsMPTv7b7avcUdK\ne/Ee1FKk2hOq4ypCATdpFrMBuJT4w3oXCaKahymLo7stTyqoG6//fCN+DzNhMFbX\n6QH/5NeKlCY8ozjUEYtBS7b+pXZ/ntcmiI4M0Fv3SmvUZmECa66LCXc4mopMRqqX\nN0Ag2d/mJIgXjz6rvX++9gUAG4t0+p3iJ2T4EEw5sLbNYCrjrsJr91J+StAeyynu\nIleVtlohssJfKPLP0S44dlHiogFmQPjs573aI8rcrzWsxOB+uLlBPliKiX+tKl76\ncHB3jDqA/MvWanxT2fy60t725MkaYnxZwhizgmf+7o0XHI/7qds3k6Tq2kR1z3NF\nAYnnKhkns+cMprTOZeOag6/rP5f6XHf8c1aGV9ndio3kHvnTAQKCAQEA8otVi4v9\ngjc+r8Zj40YJVFQROXkg954o2nJV3qeJOrHfqxDYdl8IDKVhxEi46+0PecrkO2Ic\nyNbI4REEHN+H21UqVVpNXPgIYd5cRtz+chhCFXGF/ES1su7c2nRy4fTYAL6cXllp\np0vokM0F29IJvF9k0/o8KDvafAq3SOaDiMswRStCqbfwmQaEYWL/JLONg14/A41N\nx76VBB6dYnuBWK1YQ2g7O51idLx2flKaK9i7LYNqHz6YjRQD/SHADbdZI5YjC5FW\n16+bdkVFjZzTHllBbvPacEROYYN350bhkUtHDcqw2hIVmpyQqLKmigQtx8ujIWZW\n4vjiMWQ0Si2G5wKCAQEA0lZb3eWCJUXY63RVl5M8QEIGLqkbWgUvXK0aC5TKF9bJ\nuKjJ4qigmK/mJJHCpUWpeLTyiC5IHty1x87A9lVClL4FNC7XcojitDQge976fki0\nm5EbeQGRhBk9Q5rLcIdvTeN6q93kB+gBHPKnRkcqr06rY9vnlHgBomBsdMGTy0xD\n9sLZy7Zgpb6h2gLkOV1eUUyRQr8SqkkU/Crhgd6gm0iE24GA7wTydYdAstsEs4nK\nKQc7ffQGAD48lZeC/se+Duqs2K4DxRKJSs5WBEkiJPwKkl7BsWkDGfROH3DVu87w\nMtVP8PZxCIybx39gYF3BFYdowQd9fuxKyMOjxVsNIQKCAQBgnXQ0JE2Vo2ALMOH1\nVJ6+wsYhuMiTGqN3cPgXu3EEuno4cHtpm61fLDnnsHhJMqNphpKnvQtuTXCzhs22\nmqxJiIFWgqQylnLwWV00tS9+T39zf0c6GDywzEmZk613qMqqcUNkqgVWKPy5QZJF\n4EMUkINflVyFQmJj6vjbx0c6JIZT50mkxarHqjrteDveaM/ENrSvO4hyOs6tV2ym\nIECEDHkOUOTXeHgRvEkPROQ49xqIpMKPM6Yc/I4iNWGFlTWi4VmQcBLB1Cf/UtTD\n9mZ6vl88TVMESZFXcsE+lZOhBvWE3urX00Bb2GYfbRq9+7Ao2EthMJ0HyNCBkELs\nEXqdAoIBAFur3cAZLh62kXMVMdStC/5piC4/77bNObYnj4lqoKXBLAu6LLsHiW7i\nguh/SpkjglgkbOvjV/VzdhqORtVVlX4kTzpODAJUHJIzgdDa/suZPnXqyVF02In9\nQhE73ty9eko1EZrkS2USvaFzNGpRzA25uML97bFsmDG/2qUMVTCunZRnmerKItc5\n/Wp6BiPmSJwgRdMUWbszvNymh8BFWjQzaAwPJjWGL3H/r7gD8smZDS3ShCBCAXeL\nqHX+Ic6PGYuAxjJtrSDwEjwzL5QQl7wMyUK/36VFwl9GdeIIGG8RIujUxVGc5ui1\n95L8NfHqCqQqbwJqFE0ECRf1BGSYaWECggEBAL71REJKhSU0hx7gJmLD/s11OpUI\n5OxeJu/mxbRYf9bS1PV0aFiDDakU3KEcDvShiv0gBIYfk/xxJwHZ1PHM84ggvpwd\n+3g9t9yowqcXy+OKGWfOzoh2UbQJOKpS/mwbm81L2bWH4TJV+dnPr4s/Rgt2G56e\nlEXDj/NgM9tLp4RfElthWghOrdD6BkCdEACAQFR3jBzTD4op9EhoZ/d71dKCvdOX\noFOKv4KKcRl3LdkA7QyuPE6jW0qIidr50gBbNpEbtgsi2QK5HfAla1euBKppUZ/J\nled6xpLd0FVlH4JSxjHJsONvPD+a610u/zHZfgPu9WPCG+wmZxbHxhO2vFE=\n-----END RSA PRIVATE KEY-----\n",
            "public_key_fingerprint_md5": "3d:70:33:f7:6c:d0:d9:d3:e1:a2:83:28:d7:b8:4a:8b",
            "public_key_fingerprint_sha256": "SHA256:5IXtgOvTH8AsMFd1/20KaUeHTAK3pEwdtjNl0QHuX8A",
            "public_key_openssh": "ssh-rsa AAAAB3NzaC1yc2EAAAADAQABAAACAQDHSB4E+NphzZylByGZYnLHRhFIZMk44LoUn3KM+K8ALyNL1S9zrd2zm8fMxCAKJkRd/tNszdNrTfMMDteQi8wtkjkUwDyn55+PupwVEq1Cf0xvjel7Ov9aGKKZ6aXej2Ve8vyDvfuN5BNSn6wjrioM4QnnOMnsLXUbCojcj9iHTeY45sJva7ogXJ/h1KMST3A+l/CnmqANQaTOCGb8dG9wHyobo3Cx4EYyEcCTLu5DuGATCB+qIXCZivknC7nxSB6mklQLYtGqSzTUxL7evoAHaWYWd0gJZ6BzlZCUb6ArmR4WDFBPyxPPMJJ/BSVWMbHeTeArWXseVehH0iBbPgbCJx/b/XngBFBpgN7+FZQyAzudPfYwV/Y6S3Lj7LQA/4Ei+ojEXmx8YzEePQXlNdNprGl2bXpN1OSDSGJcaPhmwWTSf6DMYjL1jW2OU+9J6yruChTPiUgxPxwT7Cz7fLP31PJU+CpEsH8GCV1zSZviymcLdEi/2d/Cjl1HULBSjNewAnZEvVIiFN4Vo0kifSCZbSoq0gySSVNSAlVN134NgZgAU0LszEZp/inAMwT4M8z2+eAV3/LSewKcdbLshKjfJuLvyIXgpNY05xRsuOMHHc+0VNoP185iXu5xKR9cDTKUz6r2hMd9dAh5XI7Cs8MWF40tJtR9HIyZVtOVltUexw==\n",
            "public_key_pem": "-----BEGIN PUBLIC KEY-----\nMIICIjANBgkqhkiG9w0BAQEFAAOCAg8AMIICCgKCAgEAx0geBPjaYc2cpQchmWJy\nx0YRSGTJOOC6FJ9yjPivAC8jS9Uvc63ds5vHzMQgCiZEXf7TbM3Ta03zDA7XkIvM\nLZI5FMA8p+efj7qcFRKtQn9Mb43pezr/Whiimeml3o9lXvL8g737jeQTUp+sI64q\nDOEJ5zjJ7C11GwqI3I/Yh03mOObCb2u6IFyf4dSjEk9wPpfwp5qgDUGkzghm/HRv\ncB8qG6NwseBGMhHAky7uQ7hgEwgfqiFwmYr5Jwu58UgeppJUC2LRqks01MS+3r6A\nB2lmFndICWegc5WQlG+gK5keFgxQT8sTzzCSfwUlVjGx3k3gK1l7HlXoR9IgWz4G\nwicf2/154ARQaYDe/hWUMgM7nT32MFf2Okty4+y0AP+BIvqIxF5sfGMxHj0F5TXT\naaxpdm16TdTkg0hiXGj4ZsFk0n+gzGIy9Y1tjlPvSesq7goUz4lIMT8cE+ws+3yz\n99TyVPgqRLB/Bgldc0mb4spnC3RIv9nfwo5dR1CwUozXsAJ2RL1SIhTeFaNJIn0g\nmW0qKtIMkklTUgJVTdd+DYGYAFNC7MxGaf4pwDME+DPM9vngFd/y0nsCnHWy7ISo\n3ybi78iF4KTWNOcUbLjjBx3PtFTaD9fOYl7ucSkfXA0ylM+q9oTHfXQIeVyOwrPD\nFheNLSbUfRyMmVbTlZbVHscCAwEAAQ==\n-----END PUBLIC KEY-----\n",
            "rsa_bits": 4096
          },
          "sensitive_attributes": [],
          "private": "bnVsbA==",
          "dependencies": [
            "module.vpc.aws_cloudwatch_log_group.flow_log",
            "module.vpc.aws_customer_gateway.this",
            "module.vpc.aws_db_subnet_group.database",
            "module.vpc.aws_default_network_acl.this",
            "module.vpc.aws_default_route_table.default",
            "module.vpc.aws_default_security_group.this",
            "module.vpc.aws_default_vpc.this",
            "module.vpc.aws_egress_only_internet_gateway.this",
            "module.vpc.aws_eip.nat",
            "module.vpc.aws_elasticache_subnet_group.elasticache",
            "module.vpc.aws_flow_log.this",
            "module.vpc.aws_iam_policy.vpc_flow_log_cloudwatch",
            "module.vpc.aws_iam_role.vpc_flow_log_cloudwatch",
            "module.vpc.aws_iam_role_policy_attachment.vpc_flow_log_cloudwatch",
            "module.vpc.aws_internet_gateway.this",
            "module.vpc.aws_nat_gateway.this",
            "module.vpc.aws_network_acl.database",
            "module.vpc.aws_network_acl.elasticache",
            "module.vpc.aws_network_acl.intra",
            "module.vpc.aws_network_acl.outpost",
            "module.vpc.aws_network_acl.private",
            "module.vpc.aws_network_acl.public",
            "module.vpc.aws_network_acl.redshift",
            "module.vpc.aws_network_acl_rule.database_inbound",
            "module.vpc.aws_network_acl_rule.database_outbound",
            "module.vpc.aws_network_acl_rule.elasticache_inbound",
            "module.vpc.aws_network_acl_rule.elasticache_outbound",
            "module.vpc.aws_network_acl_rule.intra_inbound",
            "module.vpc.aws_network_acl_rule.intra_outbound",
            "module.vpc.aws_network_acl_rule.outpost_inbound",
            "module.vpc.aws_network_acl_rule.outpost_outbound",
            "module.vpc.aws_network_acl_rule.private_inbound",
            "module.vpc.aws_network_acl_rule.private_outbound",
            "module.vpc.aws_network_acl_rule.public_inbound",
            "module.vpc.aws_network_acl_rule.public_outbound",
            "module.vpc.aws_network_acl_rule.redshift_inbound",
            "module.vpc.aws_network_acl_rule.redshift_outbound",
            "module.vpc.aws_redshift_subnet_group.redshift",
            "module.vpc.aws_route.database_internet_gateway",
            "module.vpc.aws_route.database_ipv6_egress",
            "module.vpc.aws_route.database_nat_gateway",
            "module.vpc.aws_route.private_ipv6_egress",
            "module.vpc.aws_route.private_nat_gateway",
            "module.vpc.aws_route.public_internet_gateway",
            "module.vpc.aws_route.public_internet_gateway_ipv6",
            "module.vpc.aws_route_table.database",
            "module.vpc.aws_route_table.elasticache",
            "module.vpc.aws_route_table.intra",
            "module.vpc.aws_route_table.private",
            "module.vpc.aws_route_table.public",
            "module.vpc.aws_route_table.redshift",
            "module.vpc.aws_route_table_association.database",
            "module.vpc.aws_route_table_association.elasticache",
            "module.vpc.aws_route_table_association.intra",
            "module.vpc.aws_route_table_association.outpost",
            "module.vpc.aws_route_table_association.private",
            "module.vpc.aws_route_table_association.public",
            "module.vpc.aws_route_table_association.redshift",
            "module.vpc.aws_route_table_association.redshift_public",
            "module.vpc.aws_subnet.database",
            "module.vpc.aws_subnet.elasticache",
            "module.vpc.aws_subnet.intra",
            "module.vpc.aws_subnet.outpost",
            "module.vpc.aws_subnet.private",
            "module.vpc.aws_subnet.public",
            "module.vpc.aws_subnet.redshift",
            "module.vpc.aws_vpc.this",
            "module.vpc.aws_vpc_dhcp_options.this",
            "module.vpc.aws_vpc_dhcp_options_association.this",
            "module.vpc.aws_vpc_ipv4_cidr_block_association.this",
            "module.vpc.aws_vpn_gateway.this",
            "module.vpc.aws_vpn_gateway_attachment.this",
            "module.vpc.aws_vpn_gateway_route_propagation.intra",
            "module.vpc.aws_vpn_gateway_route_propagation.private",
            "module.vpc.aws_vpn_gateway_route_propagation.public",
            "module.vpc.data.aws_iam_policy_document.flow_log_cloudwatch_assume_role",
            "module.vpc.data.aws_iam_policy_document.vpc_flow_log_cloudwatch"
          ]
        }
      ]
    },
    {
      "module": "module.vpc",
      "mode": "managed",
      "type": "aws_eip",
      "name": "nat",
      "provider": "provider[\"registry.terraform.io/hashicorp/aws\"]",
      "instances": [
        {
          "index_key": 0,
          "schema_version": 0,
          "attributes": {
            "address": null,
            "allocation_id": "eipalloc-00787077e436824b4",
            "associate_with_private_ip": null,
            "association_id": "",
            "carrier_ip": "",
            "customer_owned_ip": "",
            "customer_owned_ipv4_pool": "",
            "domain": "vpc",
            "id": "eipalloc-00787077e436824b4",
            "instance": "",
            "network_border_group": "us-east-1",
            "network_interface": "",
            "private_dns": null,
            "private_ip": "",
            "public_dns": "ec2-184-72-110-138.compute-1.amazonaws.com",
            "public_ip": "184.72.110.138",
            "public_ipv4_pool": "amazon",
            "tags": {
              "Name": "VPC-us-east-1a"
            },
            "tags_all": {
              "Name": "VPC-us-east-1a"
            },
            "timeouts": null,
            "vpc": true
          },
          "sensitive_attributes": [],
          "private": "eyJlMmJmYjczMC1lY2FhLTExZTYtOGY4OC0zNDM2M2JjN2M0YzAiOnsiZGVsZXRlIjoxODAwMDAwMDAwMDAsInJlYWQiOjkwMDAwMDAwMDAwMCwidXBkYXRlIjozMDAwMDAwMDAwMDB9fQ=="
        }
      ]
    },
    {
      "module": "module.vpc",
      "mode": "managed",
      "type": "aws_internet_gateway",
      "name": "this",
      "provider": "provider[\"registry.terraform.io/hashicorp/aws\"]",
      "instances": [
        {
          "index_key": 0,
          "schema_version": 0,
          "attributes": {
            "arn": "arn:aws:ec2:us-east-1:763023262792:internet-gateway/igw-05225cf1e57f71cde",
            "id": "igw-05225cf1e57f71cde",
            "owner_id": "763023262792",
            "tags": {
              "Name": "VPC"
            },
            "tags_all": {
              "Name": "VPC"
            },
            "vpc_id": "vpc-05e7960a51f2957c5"
          },
          "sensitive_attributes": [],
          "private": "bnVsbA==",
          "dependencies": [
            "module.vpc.aws_vpc.this",
            "module.vpc.aws_vpc_ipv4_cidr_block_association.this"
          ]
        }
      ]
    },
    {
      "module": "module.vpc",
      "mode": "managed",
      "type": "aws_nat_gateway",
      "name": "this",
      "provider": "provider[\"registry.terraform.io/hashicorp/aws\"]",
      "instances": [
        {
          "index_key": 0,
          "schema_version": 0,
          "attributes": {
            "allocation_id": "eipalloc-00787077e436824b4",
            "connectivity_type": "public",
            "id": "nat-05ce3be8996988bc7",
            "network_interface_id": "eni-0ac7d6b339cb38e77",
            "private_ip": "172.23.5.149",
            "public_ip": "184.72.110.138",
            "subnet_id": "subnet-0b9f8ad584791a8fc",
            "tags": {
              "Name": "caldera-test_natgateway"
            },
            "tags_all": {
              "Name": "caldera-test_natgateway"
            }
          },
          "sensitive_attributes": [],
          "private": "bnVsbA==",
          "dependencies": [
            "module.vpc.aws_eip.nat",
            "module.vpc.aws_internet_gateway.this",
            "module.vpc.aws_subnet.public",
            "module.vpc.aws_vpc.this",
            "module.vpc.aws_vpc_ipv4_cidr_block_association.this"
          ]
        }
      ]
    },
    {
      "module": "module.vpc",
      "mode": "managed",
      "type": "aws_route",
      "name": "private_nat_gateway",
      "provider": "provider[\"registry.terraform.io/hashicorp/aws\"]",
      "instances": [
        {
          "index_key": 0,
          "schema_version": 0,
          "attributes": {
            "carrier_gateway_id": "",
            "core_network_arn": "",
            "destination_cidr_block": "0.0.0.0/0",
            "destination_ipv6_cidr_block": "",
            "destination_prefix_list_id": "",
            "egress_only_gateway_id": "",
            "gateway_id": "",
            "id": "r-rtb-0d14b6b4840c097cf1080289494",
            "instance_id": "",
            "instance_owner_id": "",
            "local_gateway_id": "",
            "nat_gateway_id": "nat-05ce3be8996988bc7",
            "network_interface_id": "",
            "origin": "CreateRoute",
            "route_table_id": "rtb-0d14b6b4840c097cf",
            "state": "active",
            "timeouts": {
              "create": "5m",
              "delete": null,
              "update": null
            },
            "transit_gateway_id": "",
            "vpc_endpoint_id": "",
            "vpc_peering_connection_id": ""
          },
          "sensitive_attributes": [],
          "private": "eyJlMmJmYjczMC1lY2FhLTExZTYtOGY4OC0zNDM2M2JjN2M0YzAiOnsiY3JlYXRlIjozMDAwMDAwMDAwMDAsImRlbGV0ZSI6MzAwMDAwMDAwMDAwLCJ1cGRhdGUiOjEyMDAwMDAwMDAwMH19",
          "dependencies": [
            "module.vpc.aws_eip.nat",
            "module.vpc.aws_internet_gateway.this",
            "module.vpc.aws_nat_gateway.this",
            "module.vpc.aws_route_table.private",
            "module.vpc.aws_subnet.public",
            "module.vpc.aws_vpc.this",
            "module.vpc.aws_vpc_ipv4_cidr_block_association.this"
          ]
        }
      ]
    },
    {
      "module": "module.vpc",
      "mode": "managed",
      "type": "aws_route",
      "name": "public_internet_gateway",
      "provider": "provider[\"registry.terraform.io/hashicorp/aws\"]",
      "instances": [
        {
          "index_key": 0,
          "schema_version": 0,
          "attributes": {
            "carrier_gateway_id": "",
            "core_network_arn": "",
            "destination_cidr_block": "0.0.0.0/0",
            "destination_ipv6_cidr_block": "",
            "destination_prefix_list_id": "",
            "egress_only_gateway_id": "",
            "gateway_id": "igw-05225cf1e57f71cde",
            "id": "r-rtb-016273b11ef90e4c41080289494",
            "instance_id": "",
            "instance_owner_id": "",
            "local_gateway_id": "",
            "nat_gateway_id": "",
            "network_interface_id": "",
            "origin": "CreateRoute",
            "route_table_id": "rtb-016273b11ef90e4c4",
            "state": "active",
            "timeouts": {
              "create": "5m",
              "delete": null,
              "update": null
            },
            "transit_gateway_id": "",
            "vpc_endpoint_id": "",
            "vpc_peering_connection_id": ""
          },
          "sensitive_attributes": [],
          "private": "eyJlMmJmYjczMC1lY2FhLTExZTYtOGY4OC0zNDM2M2JjN2M0YzAiOnsiY3JlYXRlIjozMDAwMDAwMDAwMDAsImRlbGV0ZSI6MzAwMDAwMDAwMDAwLCJ1cGRhdGUiOjEyMDAwMDAwMDAwMH19",
          "dependencies": [
            "module.vpc.aws_internet_gateway.this",
            "module.vpc.aws_route_table.public",
            "module.vpc.aws_vpc.this",
            "module.vpc.aws_vpc_ipv4_cidr_block_association.this"
          ]
        }
      ]
    },
    {
      "module": "module.vpc",
      "mode": "managed",
      "type": "aws_route_table",
      "name": "private",
      "provider": "provider[\"registry.terraform.io/hashicorp/aws\"]",
      "instances": [
        {
          "index_key": 0,
          "schema_version": 0,
          "attributes": {
            "arn": "arn:aws:ec2:us-east-1:763023262792:route-table/rtb-0d14b6b4840c097cf",
            "id": "rtb-0d14b6b4840c097cf",
            "owner_id": "763023262792",
            "propagating_vgws": [],
            "route": [],
            "tags": {
              "Name": "VPC-private"
            },
            "tags_all": {
              "Name": "VPC-private"
            },
            "timeouts": null,
            "vpc_id": "vpc-05e7960a51f2957c5"
          },
          "sensitive_attributes": [],
          "private": "eyJlMmJmYjczMC1lY2FhLTExZTYtOGY4OC0zNDM2M2JjN2M0YzAiOnsiY3JlYXRlIjozMDAwMDAwMDAwMDAsImRlbGV0ZSI6MzAwMDAwMDAwMDAwLCJ1cGRhdGUiOjEyMDAwMDAwMDAwMH19",
          "dependencies": [
            "module.vpc.aws_vpc.this",
            "module.vpc.aws_vpc_ipv4_cidr_block_association.this"
          ]
        }
      ]
    },
    {
      "module": "module.vpc",
      "mode": "managed",
      "type": "aws_route_table",
      "name": "public",
      "provider": "provider[\"registry.terraform.io/hashicorp/aws\"]",
      "instances": [
        {
          "index_key": 0,
          "schema_version": 0,
          "attributes": {
            "arn": "arn:aws:ec2:us-east-1:763023262792:route-table/rtb-016273b11ef90e4c4",
            "id": "rtb-016273b11ef90e4c4",
            "owner_id": "763023262792",
            "propagating_vgws": [],
            "route": [],
            "tags": {
              "Name": "VPC-public"
            },
            "tags_all": {
              "Name": "VPC-public"
            },
            "timeouts": null,
            "vpc_id": "vpc-05e7960a51f2957c5"
          },
          "sensitive_attributes": [],
          "private": "eyJlMmJmYjczMC1lY2FhLTExZTYtOGY4OC0zNDM2M2JjN2M0YzAiOnsiY3JlYXRlIjozMDAwMDAwMDAwMDAsImRlbGV0ZSI6MzAwMDAwMDAwMDAwLCJ1cGRhdGUiOjEyMDAwMDAwMDAwMH19",
          "dependencies": [
            "module.vpc.aws_vpc.this",
            "module.vpc.aws_vpc_ipv4_cidr_block_association.this"
          ]
        }
      ]
    },
    {
      "module": "module.vpc",
      "mode": "managed",
      "type": "aws_route_table_association",
      "name": "private",
      "provider": "provider[\"registry.terraform.io/hashicorp/aws\"]",
      "instances": [
        {
          "index_key": 0,
          "schema_version": 0,
          "attributes": {
            "gateway_id": "",
            "id": "rtbassoc-0e94e3b0e8c0e9020",
            "route_table_id": "rtb-0d14b6b4840c097cf",
            "subnet_id": "subnet-0c3e5a92a457a701b"
          },
          "sensitive_attributes": [],
          "private": "bnVsbA==",
          "dependencies": [
            "module.vpc.aws_route_table.private",
            "module.vpc.aws_subnet.private",
            "module.vpc.aws_vpc.this",
            "module.vpc.aws_vpc_ipv4_cidr_block_association.this"
          ]
        },
        {
          "index_key": 1,
          "schema_version": 0,
          "attributes": {
            "gateway_id": "",
            "id": "rtbassoc-0af9d6e781407a0a9",
            "route_table_id": "rtb-0d14b6b4840c097cf",
            "subnet_id": "subnet-0298a989a517d5053"
          },
          "sensitive_attributes": [],
          "private": "bnVsbA==",
          "dependencies": [
            "module.vpc.aws_route_table.private",
            "module.vpc.aws_subnet.private",
            "module.vpc.aws_vpc.this",
            "module.vpc.aws_vpc_ipv4_cidr_block_association.this"
          ]
        },
        {
          "index_key": 2,
          "schema_version": 0,
          "attributes": {
            "gateway_id": "",
            "id": "rtbassoc-04449f0045e6e4b09",
            "route_table_id": "rtb-0d14b6b4840c097cf",
            "subnet_id": "subnet-0e4a284ccf94252d1"
          },
          "sensitive_attributes": [],
          "private": "bnVsbA==",
          "dependencies": [
            "module.vpc.aws_route_table.private",
            "module.vpc.aws_subnet.private",
            "module.vpc.aws_vpc.this",
            "module.vpc.aws_vpc_ipv4_cidr_block_association.this"
          ]
        },
        {
          "index_key": 3,
          "schema_version": 0,
          "attributes": {
            "gateway_id": "",
            "id": "rtbassoc-0cb82ab6cc9767f83",
            "route_table_id": "rtb-0d14b6b4840c097cf",
            "subnet_id": "subnet-028d43ff12a340dbf"
          },
          "sensitive_attributes": [],
          "private": "bnVsbA==",
          "dependencies": [
            "module.vpc.aws_route_table.private",
            "module.vpc.aws_subnet.private",
            "module.vpc.aws_vpc.this",
            "module.vpc.aws_vpc_ipv4_cidr_block_association.this"
          ]
        },
        {
          "index_key": 4,
          "schema_version": 0,
          "attributes": {
            "gateway_id": "",
            "id": "rtbassoc-0eb8f4686b6547ead",
            "route_table_id": "rtb-0d14b6b4840c097cf",
            "subnet_id": "subnet-032cf0075a0d0b9f6"
          },
          "sensitive_attributes": [],
          "private": "bnVsbA==",
          "dependencies": [
            "module.vpc.aws_route_table.private",
            "module.vpc.aws_subnet.private",
            "module.vpc.aws_vpc.this",
            "module.vpc.aws_vpc_ipv4_cidr_block_association.this"
          ]
        }
      ]
    },
    {
      "module": "module.vpc",
      "mode": "managed",
      "type": "aws_route_table_association",
      "name": "public",
      "provider": "provider[\"registry.terraform.io/hashicorp/aws\"]",
      "instances": [
        {
          "index_key": 0,
          "schema_version": 0,
          "attributes": {
            "gateway_id": "",
            "id": "rtbassoc-00b3b0c4822950282",
            "route_table_id": "rtb-016273b11ef90e4c4",
            "subnet_id": "subnet-0b9f8ad584791a8fc"
          },
          "sensitive_attributes": [],
          "private": "bnVsbA==",
          "dependencies": [
            "module.vpc.aws_route_table.public",
            "module.vpc.aws_subnet.public",
            "module.vpc.aws_vpc.this",
            "module.vpc.aws_vpc_ipv4_cidr_block_association.this"
          ]
        },
        {
          "index_key": 1,
          "schema_version": 0,
          "attributes": {
            "gateway_id": "",
            "id": "rtbassoc-0bdcd47670b4c9163",
            "route_table_id": "rtb-016273b11ef90e4c4",
            "subnet_id": "subnet-0b5c283c9f4a79f2d"
          },
          "sensitive_attributes": [],
          "private": "bnVsbA==",
          "dependencies": [
            "module.vpc.aws_route_table.public",
            "module.vpc.aws_subnet.public",
            "module.vpc.aws_vpc.this",
            "module.vpc.aws_vpc_ipv4_cidr_block_association.this"
          ]
        },
        {
          "index_key": 2,
          "schema_version": 0,
          "attributes": {
            "gateway_id": "",
            "id": "rtbassoc-0373162d309bed1e7",
            "route_table_id": "rtb-016273b11ef90e4c4",
            "subnet_id": "subnet-00e3fb73e5c2a8ad4"
          },
          "sensitive_attributes": [],
          "private": "bnVsbA==",
          "dependencies": [
            "module.vpc.aws_route_table.public",
            "module.vpc.aws_subnet.public",
            "module.vpc.aws_vpc.this",
            "module.vpc.aws_vpc_ipv4_cidr_block_association.this"
          ]
        },
        {
          "index_key": 3,
          "schema_version": 0,
          "attributes": {
            "gateway_id": "",
            "id": "rtbassoc-042baacb25d411acb",
            "route_table_id": "rtb-016273b11ef90e4c4",
            "subnet_id": "subnet-060db5941553c1449"
          },
          "sensitive_attributes": [],
          "private": "bnVsbA==",
          "dependencies": [
            "module.vpc.aws_route_table.public",
            "module.vpc.aws_subnet.public",
            "module.vpc.aws_vpc.this",
            "module.vpc.aws_vpc_ipv4_cidr_block_association.this"
          ]
        },
        {
          "index_key": 4,
          "schema_version": 0,
          "attributes": {
            "gateway_id": "",
            "id": "rtbassoc-03709392cb3130e83",
            "route_table_id": "rtb-016273b11ef90e4c4",
            "subnet_id": "subnet-00d8eeedf7545505f"
          },
          "sensitive_attributes": [],
          "private": "bnVsbA==",
          "dependencies": [
            "module.vpc.aws_route_table.public",
            "module.vpc.aws_subnet.public",
            "module.vpc.aws_vpc.this",
            "module.vpc.aws_vpc_ipv4_cidr_block_association.this"
          ]
        }
      ]
    },
    {
      "module": "module.vpc",
      "mode": "managed",
      "type": "aws_subnet",
      "name": "private",
      "provider": "provider[\"registry.terraform.io/hashicorp/aws\"]",
      "instances": [
        {
          "index_key": 0,
          "schema_version": 1,
          "attributes": {
            "arn": "arn:aws:ec2:us-east-1:763023262792:subnet/subnet-0c3e5a92a457a701b",
            "assign_ipv6_address_on_creation": false,
            "availability_zone": "us-east-1a",
            "availability_zone_id": "use1-az6",
            "cidr_block": "172.23.0.0/22",
            "customer_owned_ipv4_pool": "",
            "enable_dns64": false,
            "enable_resource_name_dns_a_record_on_launch": false,
            "enable_resource_name_dns_aaaa_record_on_launch": false,
            "id": "subnet-0c3e5a92a457a701b",
            "ipv6_cidr_block": "",
            "ipv6_cidr_block_association_id": "",
            "ipv6_native": false,
            "map_customer_owned_ip_on_launch": false,
            "map_public_ip_on_launch": false,
            "outpost_arn": "",
            "owner_id": "763023262792",
            "private_dns_hostname_type_on_launch": "ip-name",
            "tags": {
              "Name": "caldera-test_private"
            },
            "tags_all": {
              "Name": "caldera-test_private"
            },
            "timeouts": null,
            "vpc_id": "vpc-05e7960a51f2957c5"
          },
          "sensitive_attributes": [],
          "private": "eyJlMmJmYjczMC1lY2FhLTExZTYtOGY4OC0zNDM2M2JjN2M0YzAiOnsiY3JlYXRlIjo2MDAwMDAwMDAwMDAsImRlbGV0ZSI6MTIwMDAwMDAwMDAwMH0sInNjaGVtYV92ZXJzaW9uIjoiMSJ9",
          "dependencies": [
            "module.vpc.aws_vpc.this",
            "module.vpc.aws_vpc_ipv4_cidr_block_association.this"
          ]
        },
        {
          "index_key": 1,
          "schema_version": 1,
          "attributes": {
            "arn": "arn:aws:ec2:us-east-1:763023262792:subnet/subnet-0298a989a517d5053",
            "assign_ipv6_address_on_creation": false,
            "availability_zone": "us-east-1b",
            "availability_zone_id": "use1-az1",
            "cidr_block": "172.23.32.0/22",
            "customer_owned_ipv4_pool": "",
            "enable_dns64": false,
            "enable_resource_name_dns_a_record_on_launch": false,
            "enable_resource_name_dns_aaaa_record_on_launch": false,
            "id": "subnet-0298a989a517d5053",
            "ipv6_cidr_block": "",
            "ipv6_cidr_block_association_id": "",
            "ipv6_native": false,
            "map_customer_owned_ip_on_launch": false,
            "map_public_ip_on_launch": false,
            "outpost_arn": "",
            "owner_id": "763023262792",
            "private_dns_hostname_type_on_launch": "ip-name",
            "tags": {
              "Name": "caldera-test_private"
            },
            "tags_all": {
              "Name": "caldera-test_private"
            },
            "timeouts": null,
            "vpc_id": "vpc-05e7960a51f2957c5"
          },
          "sensitive_attributes": [],
          "private": "eyJlMmJmYjczMC1lY2FhLTExZTYtOGY4OC0zNDM2M2JjN2M0YzAiOnsiY3JlYXRlIjo2MDAwMDAwMDAwMDAsImRlbGV0ZSI6MTIwMDAwMDAwMDAwMH0sInNjaGVtYV92ZXJzaW9uIjoiMSJ9",
          "dependencies": [
            "module.vpc.aws_vpc.this",
            "module.vpc.aws_vpc_ipv4_cidr_block_association.this"
          ]
        },
        {
          "index_key": 2,
          "schema_version": 1,
          "attributes": {
            "arn": "arn:aws:ec2:us-east-1:763023262792:subnet/subnet-0e4a284ccf94252d1",
            "assign_ipv6_address_on_creation": false,
            "availability_zone": "us-east-1c",
            "availability_zone_id": "use1-az2",
            "cidr_block": "172.23.64.0/22",
            "customer_owned_ipv4_pool": "",
            "enable_dns64": false,
            "enable_resource_name_dns_a_record_on_launch": false,
            "enable_resource_name_dns_aaaa_record_on_launch": false,
            "id": "subnet-0e4a284ccf94252d1",
            "ipv6_cidr_block": "",
            "ipv6_cidr_block_association_id": "",
            "ipv6_native": false,
            "map_customer_owned_ip_on_launch": false,
            "map_public_ip_on_launch": false,
            "outpost_arn": "",
            "owner_id": "763023262792",
            "private_dns_hostname_type_on_launch": "ip-name",
            "tags": {
              "Name": "caldera-test_private"
            },
            "tags_all": {
              "Name": "caldera-test_private"
            },
            "timeouts": null,
            "vpc_id": "vpc-05e7960a51f2957c5"
          },
          "sensitive_attributes": [],
          "private": "eyJlMmJmYjczMC1lY2FhLTExZTYtOGY4OC0zNDM2M2JjN2M0YzAiOnsiY3JlYXRlIjo2MDAwMDAwMDAwMDAsImRlbGV0ZSI6MTIwMDAwMDAwMDAwMH0sInNjaGVtYV92ZXJzaW9uIjoiMSJ9",
          "dependencies": [
            "module.vpc.aws_vpc.this",
            "module.vpc.aws_vpc_ipv4_cidr_block_association.this"
          ]
        },
        {
          "index_key": 3,
          "schema_version": 1,
          "attributes": {
            "arn": "arn:aws:ec2:us-east-1:763023262792:subnet/subnet-028d43ff12a340dbf",
            "assign_ipv6_address_on_creation": false,
            "availability_zone": "us-east-1d",
            "availability_zone_id": "use1-az4",
            "cidr_block": "172.23.96.0/22",
            "customer_owned_ipv4_pool": "",
            "enable_dns64": false,
            "enable_resource_name_dns_a_record_on_launch": false,
            "enable_resource_name_dns_aaaa_record_on_launch": false,
            "id": "subnet-028d43ff12a340dbf",
            "ipv6_cidr_block": "",
            "ipv6_cidr_block_association_id": "",
            "ipv6_native": false,
            "map_customer_owned_ip_on_launch": false,
            "map_public_ip_on_launch": false,
            "outpost_arn": "",
            "owner_id": "763023262792",
            "private_dns_hostname_type_on_launch": "ip-name",
            "tags": {
              "Name": "caldera-test_private"
            },
            "tags_all": {
              "Name": "caldera-test_private"
            },
            "timeouts": null,
            "vpc_id": "vpc-05e7960a51f2957c5"
          },
          "sensitive_attributes": [],
          "private": "eyJlMmJmYjczMC1lY2FhLTExZTYtOGY4OC0zNDM2M2JjN2M0YzAiOnsiY3JlYXRlIjo2MDAwMDAwMDAwMDAsImRlbGV0ZSI6MTIwMDAwMDAwMDAwMH0sInNjaGVtYV92ZXJzaW9uIjoiMSJ9",
          "dependencies": [
            "module.vpc.aws_vpc.this",
            "module.vpc.aws_vpc_ipv4_cidr_block_association.this"
          ]
        },
        {
          "index_key": 4,
          "schema_version": 1,
          "attributes": {
            "arn": "arn:aws:ec2:us-east-1:763023262792:subnet/subnet-032cf0075a0d0b9f6",
            "assign_ipv6_address_on_creation": false,
            "availability_zone": "us-east-1f",
            "availability_zone_id": "use1-az5",
            "cidr_block": "172.23.160.0/22",
            "customer_owned_ipv4_pool": "",
            "enable_dns64": false,
            "enable_resource_name_dns_a_record_on_launch": false,
            "enable_resource_name_dns_aaaa_record_on_launch": false,
            "id": "subnet-032cf0075a0d0b9f6",
            "ipv6_cidr_block": "",
            "ipv6_cidr_block_association_id": "",
            "ipv6_native": false,
            "map_customer_owned_ip_on_launch": false,
            "map_public_ip_on_launch": false,
            "outpost_arn": "",
            "owner_id": "763023262792",
            "private_dns_hostname_type_on_launch": "ip-name",
            "tags": {
              "Name": "caldera-test_private"
            },
            "tags_all": {
              "Name": "caldera-test_private"
            },
            "timeouts": null,
            "vpc_id": "vpc-05e7960a51f2957c5"
          },
          "sensitive_attributes": [],
          "private": "eyJlMmJmYjczMC1lY2FhLTExZTYtOGY4OC0zNDM2M2JjN2M0YzAiOnsiY3JlYXRlIjo2MDAwMDAwMDAwMDAsImRlbGV0ZSI6MTIwMDAwMDAwMDAwMH0sInNjaGVtYV92ZXJzaW9uIjoiMSJ9",
          "dependencies": [
            "module.vpc.aws_vpc.this",
            "module.vpc.aws_vpc_ipv4_cidr_block_association.this"
          ]
        }
      ]
    },
    {
      "module": "module.vpc",
      "mode": "managed",
      "type": "aws_subnet",
      "name": "public",
      "provider": "provider[\"registry.terraform.io/hashicorp/aws\"]",
      "instances": [
        {
          "index_key": 0,
          "schema_version": 1,
          "attributes": {
            "arn": "arn:aws:ec2:us-east-1:763023262792:subnet/subnet-0b9f8ad584791a8fc",
            "assign_ipv6_address_on_creation": false,
            "availability_zone": "us-east-1a",
            "availability_zone_id": "use1-az6",
            "cidr_block": "172.23.4.0/22",
            "customer_owned_ipv4_pool": "",
            "enable_dns64": false,
            "enable_resource_name_dns_a_record_on_launch": false,
            "enable_resource_name_dns_aaaa_record_on_launch": false,
            "id": "subnet-0b9f8ad584791a8fc",
            "ipv6_cidr_block": "",
            "ipv6_cidr_block_association_id": "",
            "ipv6_native": false,
            "map_customer_owned_ip_on_launch": false,
            "map_public_ip_on_launch": true,
            "outpost_arn": "",
            "owner_id": "763023262792",
            "private_dns_hostname_type_on_launch": "ip-name",
            "tags": {
              "Name": "caldera-test_public"
            },
            "tags_all": {
              "Name": "caldera-test_public"
            },
            "timeouts": null,
            "vpc_id": "vpc-05e7960a51f2957c5"
          },
          "sensitive_attributes": [],
          "private": "eyJlMmJmYjczMC1lY2FhLTExZTYtOGY4OC0zNDM2M2JjN2M0YzAiOnsiY3JlYXRlIjo2MDAwMDAwMDAwMDAsImRlbGV0ZSI6MTIwMDAwMDAwMDAwMH0sInNjaGVtYV92ZXJzaW9uIjoiMSJ9",
          "dependencies": [
            "module.vpc.aws_vpc.this",
            "module.vpc.aws_vpc_ipv4_cidr_block_association.this"
          ]
        },
        {
          "index_key": 1,
          "schema_version": 1,
          "attributes": {
            "arn": "arn:aws:ec2:us-east-1:763023262792:subnet/subnet-0b5c283c9f4a79f2d",
            "assign_ipv6_address_on_creation": false,
            "availability_zone": "us-east-1b",
            "availability_zone_id": "use1-az1",
            "cidr_block": "172.23.36.0/22",
            "customer_owned_ipv4_pool": "",
            "enable_dns64": false,
            "enable_resource_name_dns_a_record_on_launch": false,
            "enable_resource_name_dns_aaaa_record_on_launch": false,
            "id": "subnet-0b5c283c9f4a79f2d",
            "ipv6_cidr_block": "",
            "ipv6_cidr_block_association_id": "",
            "ipv6_native": false,
            "map_customer_owned_ip_on_launch": false,
            "map_public_ip_on_launch": true,
            "outpost_arn": "",
            "owner_id": "763023262792",
            "private_dns_hostname_type_on_launch": "ip-name",
            "tags": {
              "Name": "caldera-test_public"
            },
            "tags_all": {
              "Name": "caldera-test_public"
            },
            "timeouts": null,
            "vpc_id": "vpc-05e7960a51f2957c5"
          },
          "sensitive_attributes": [],
          "private": "eyJlMmJmYjczMC1lY2FhLTExZTYtOGY4OC0zNDM2M2JjN2M0YzAiOnsiY3JlYXRlIjo2MDAwMDAwMDAwMDAsImRlbGV0ZSI6MTIwMDAwMDAwMDAwMH0sInNjaGVtYV92ZXJzaW9uIjoiMSJ9",
          "dependencies": [
            "module.vpc.aws_vpc.this",
            "module.vpc.aws_vpc_ipv4_cidr_block_association.this"
          ]
        },
        {
          "index_key": 2,
          "schema_version": 1,
          "attributes": {
            "arn": "arn:aws:ec2:us-east-1:763023262792:subnet/subnet-00e3fb73e5c2a8ad4",
            "assign_ipv6_address_on_creation": false,
            "availability_zone": "us-east-1c",
            "availability_zone_id": "use1-az2",
            "cidr_block": "172.23.68.0/22",
            "customer_owned_ipv4_pool": "",
            "enable_dns64": false,
            "enable_resource_name_dns_a_record_on_launch": false,
            "enable_resource_name_dns_aaaa_record_on_launch": false,
            "id": "subnet-00e3fb73e5c2a8ad4",
            "ipv6_cidr_block": "",
            "ipv6_cidr_block_association_id": "",
            "ipv6_native": false,
            "map_customer_owned_ip_on_launch": false,
            "map_public_ip_on_launch": true,
            "outpost_arn": "",
            "owner_id": "763023262792",
            "private_dns_hostname_type_on_launch": "ip-name",
            "tags": {
              "Name": "caldera-test_public"
            },
            "tags_all": {
              "Name": "caldera-test_public"
            },
            "timeouts": null,
            "vpc_id": "vpc-05e7960a51f2957c5"
          },
          "sensitive_attributes": [],
          "private": "eyJlMmJmYjczMC1lY2FhLTExZTYtOGY4OC0zNDM2M2JjN2M0YzAiOnsiY3JlYXRlIjo2MDAwMDAwMDAwMDAsImRlbGV0ZSI6MTIwMDAwMDAwMDAwMH0sInNjaGVtYV92ZXJzaW9uIjoiMSJ9",
          "dependencies": [
            "module.vpc.aws_vpc.this",
            "module.vpc.aws_vpc_ipv4_cidr_block_association.this"
          ]
        },
        {
          "index_key": 3,
          "schema_version": 1,
          "attributes": {
            "arn": "arn:aws:ec2:us-east-1:763023262792:subnet/subnet-060db5941553c1449",
            "assign_ipv6_address_on_creation": false,
            "availability_zone": "us-east-1d",
            "availability_zone_id": "use1-az4",
            "cidr_block": "172.23.100.0/22",
            "customer_owned_ipv4_pool": "",
            "enable_dns64": false,
            "enable_resource_name_dns_a_record_on_launch": false,
            "enable_resource_name_dns_aaaa_record_on_launch": false,
            "id": "subnet-060db5941553c1449",
            "ipv6_cidr_block": "",
            "ipv6_cidr_block_association_id": "",
            "ipv6_native": false,
            "map_customer_owned_ip_on_launch": false,
            "map_public_ip_on_launch": true,
            "outpost_arn": "",
            "owner_id": "763023262792",
            "private_dns_hostname_type_on_launch": "ip-name",
            "tags": {
              "Name": "caldera-test_public"
            },
            "tags_all": {
              "Name": "caldera-test_public"
            },
            "timeouts": null,
            "vpc_id": "vpc-05e7960a51f2957c5"
          },
          "sensitive_attributes": [],
          "private": "eyJlMmJmYjczMC1lY2FhLTExZTYtOGY4OC0zNDM2M2JjN2M0YzAiOnsiY3JlYXRlIjo2MDAwMDAwMDAwMDAsImRlbGV0ZSI6MTIwMDAwMDAwMDAwMH0sInNjaGVtYV92ZXJzaW9uIjoiMSJ9",
          "dependencies": [
            "module.vpc.aws_vpc.this",
            "module.vpc.aws_vpc_ipv4_cidr_block_association.this"
          ]
        },
        {
          "index_key": 4,
          "schema_version": 1,
          "attributes": {
            "arn": "arn:aws:ec2:us-east-1:763023262792:subnet/subnet-00d8eeedf7545505f",
            "assign_ipv6_address_on_creation": false,
            "availability_zone": "us-east-1f",
            "availability_zone_id": "use1-az5",
            "cidr_block": "172.23.164.0/22",
            "customer_owned_ipv4_pool": "",
            "enable_dns64": false,
            "enable_resource_name_dns_a_record_on_launch": false,
            "enable_resource_name_dns_aaaa_record_on_launch": false,
            "id": "subnet-00d8eeedf7545505f",
            "ipv6_cidr_block": "",
            "ipv6_cidr_block_association_id": "",
            "ipv6_native": false,
            "map_customer_owned_ip_on_launch": false,
            "map_public_ip_on_launch": true,
            "outpost_arn": "",
            "owner_id": "763023262792",
            "private_dns_hostname_type_on_launch": "ip-name",
            "tags": {
              "Name": "caldera-test_public"
            },
            "tags_all": {
              "Name": "caldera-test_public"
            },
            "timeouts": null,
            "vpc_id": "vpc-05e7960a51f2957c5"
          },
          "sensitive_attributes": [],
          "private": "eyJlMmJmYjczMC1lY2FhLTExZTYtOGY4OC0zNDM2M2JjN2M0YzAiOnsiY3JlYXRlIjo2MDAwMDAwMDAwMDAsImRlbGV0ZSI6MTIwMDAwMDAwMDAwMH0sInNjaGVtYV92ZXJzaW9uIjoiMSJ9",
          "dependencies": [
            "module.vpc.aws_vpc.this",
            "module.vpc.aws_vpc_ipv4_cidr_block_association.this"
          ]
        }
      ]
    },
    {
      "module": "module.vpc",
      "mode": "managed",
      "type": "aws_vpc",
      "name": "this",
      "provider": "provider[\"registry.terraform.io/hashicorp/aws\"]",
      "instances": [
        {
          "index_key": 0,
          "schema_version": 1,
          "attributes": {
            "arn": "arn:aws:ec2:us-east-1:763023262792:vpc/vpc-05e7960a51f2957c5",
            "assign_generated_ipv6_cidr_block": false,
            "cidr_block": "172.23.0.0/16",
            "default_network_acl_id": "acl-0b26a475c174ad0a4",
            "default_route_table_id": "rtb-03a230ac08a858801",
            "default_security_group_id": "sg-0a3204969d2368f07",
            "dhcp_options_id": "dopt-0262a287fed02b5e7",
            "enable_classiclink": false,
            "enable_classiclink_dns_support": false,
            "enable_dns_hostnames": true,
            "enable_dns_support": true,
            "id": "vpc-05e7960a51f2957c5",
            "instance_tenancy": "default",
            "ipv4_ipam_pool_id": null,
            "ipv4_netmask_length": null,
            "ipv6_association_id": "",
            "ipv6_cidr_block": "",
            "ipv6_cidr_block_network_border_group": "",
            "ipv6_ipam_pool_id": "",
            "ipv6_netmask_length": 0,
            "main_route_table_id": "rtb-03a230ac08a858801",
            "owner_id": "763023262792",
            "tags": {
              "Name": "VPC"
            },
            "tags_all": {
              "Name": "VPC"
            }
          },
          "sensitive_attributes": [],
          "private": "eyJzY2hlbWFfdmVyc2lvbiI6IjEifQ=="
        }
      ]
    }
  ]
}
