{
  "version": 4,
  "terraform_version": "1.2.4",
  "serial": 33,
  "lineage": "f66c1572-6494-1503-1645-4bdb21e182f6",
  "outputs": {
    "caldera_server_ip": {
      "value": "52.207.182.94",
      "type": "string"
    },
    "rsa_private_key": {
      "value": "-----BEGIN RSA PRIVATE KEY-----\nMIIJKAIBAAKCAgEAlO7xJeGUp4hCTxfELt6FyorVWNuAEyumoTn7DibFdmvX+rEZ\nztnh/zwz8aXeYflVlGgF34Oy1ckv8/cnXlNblsCK5iYLS75Eca0PpBwEzT/BzTIh\n1uEYCVqZux9XtttZkx+KU5Z/SOZRgTlkf2o/8sLrj+PcaKn5pYYt8FqC/koWRZp/\nY0FMbtRzi0xRCvEB+3h4cW9wY0+52XPrt5KNLmStV68PGbL9BAFbt0VuDCb8u/OA\nOERWpZNJwGd1lsQF96nMj2pt+F5I+DfxrygFefZpGFn3q+bnHLF5l/RwNqgpufq9\nI5TsgNajVG06lF9vdrDNsOGT1NMgyXXNqbeZoTRhxAyxsu+HYi4SJBeYi0irDwkb\n0x7KPAn1+ETnG+t2p3an6cDfG7kqvVaZgdJp9d3KRlzgQEye1Wvr0CUUCM1An4n3\npdvZbIlXXkqN+dAz4NOR1fI+lvAgqG65eyxIf0fU36Le/qHrDhw3bVDfAKZ5VMGq\nyME7xMOzDGDa6SvIFZMDEXdzf+/cpqtc+bgajCatNA/TAX65wxbKyALtAPtNlti8\nmJvzJhNUuWhh/4Zx+MVrYA0DRsn3jE6/tVlwLlOrR2Wubu9ioIy9O0zSM8GRNfuQ\nbCUrC5RoViaQAKDP02U06nU9KF9tHv4noflGHbok52Nse2oFsVPUA69qkOMCAwEA\nAQKCAgAfDlxWy91VugIpwAj2xQwdGio25z6jwLx0bkS9xLP0Z7SX4ApDqgeIU6N5\nRl9DCt0fnzlqTGokTlmjg+w/rR4yJ2BPcat1Ve2rzqyuSfFuY1ckVMndpv5+JNhd\nvsFprf/VwAP2PjG4n95rFe6w6xT+qEq6rIcvhBI8w+gccKNUJ1rRlM/vgJRRoBef\n+oADyhHhwFNNRDGpY9ybTaLfmr256OCEokqBz2MXTLk1VFMIUbDt+G7KTOXMjRQZ\n/Pj2QVYFOPEhDs5ztiV9LR1Gqw/JSOrNWyVcQT/8Kb3zQ9OKcjKRR4ndO5a9nwRb\n/JL0kZoKo/+gXMmY3ZW+rMQAGfr84yCxwgL87KCyTAACoS/gzuaJFPNvzL8xCuVc\nNw7isYTartv8iiMenEq4Gb1a9FzEtimX2CnC78qztmKBfE2ce7ga3lcuZU+aQdXI\nZ8iN027YYEpZDLyIfee8hAk8hsEZtG2gZ23/dVZ5dtcL7/4u8i1oPnNEI263Nu1K\nxptpmnPsQAzasR5nRXIa8GgG0Wkl+tucryqqjwEhCp4B7GU7XyBSF9q2k3Ea1Nt+\nWmr2DVwdLah80yeIM9h9zGPCpqGymZmjXkQlmsW2CcnIl9myjifHNxCB5ePV/Yol\n1RESVvtMgnQzu4NMvgDOfnNQjliZxtorHC67zb2v7Dev4UMloQKCAQEAwOm9CI7D\n/45/nQyhk+nyy+TiP4XBxvOyqirJNMZkr55bkg+vSBZZ5XBH/LDnGwoxMsfdcArP\nNrym04226W+O1XLae3Lem30jSQDjmFgUNqg0tytxRkpAZYsT3iUo23nuLVh7lZSq\nuMjgC1ir5S0jnAmgWliy7JZx7WQc68wJX129bfaMJCYRyoRXxzayboklrWj/Cq+Q\naq9B+9+F2pTM30ShdH7xVcCtawWjCm2nmMAy8sXenKQCmMfmYjj7ijqCpkexeREd\n6V1tTzVJwx1qGC5pK5NZAYn6XWMqAJTIXdV76es0197+tp9NeGCHY8hD4BI3nuVf\nXvKudl+LG9hfSwKCAQEAxaNSFVGsJOFW66Tpoj5/7t46XAcy3v56f7TfB4cTUNV7\nl3DwSc8mUeLp3Akcdrba1HpMayyHH5gClzO6UYBrjnDFH5B9vEIRjRDdRnrgsSxw\ncetoP4AZDXvL3iMXTt2ehlxhQnvD6B+K17ngDDsn7VG5gGThvanh2UIz6HwoCLSz\nHF+uA15bdBvLaoTuIXF9xubtXzeQ0UiohfmY9P7acs9tM77mgzvoTflhthXnTU13\n3Kfui2C9VDQAMttXHl3/Y0c+aEJHQ+z7gF9S9FOrlG/GWkcpuShucK03QLbuh28E\nnPSygqxZEOQQQNhk2K69ppjGgKTIQxgmdXVxekzdyQKCAQA76p0GwmjHv/eMzLaG\nnVwGzfEjb6TO6TPtvFo/5PqyvQmN5Qc46ZBEPcpuBnfRIypCrmbtfL39LzzVaieM\ne1SuoPyQ6Q2Q154U94y47Wphy36MAZcuELPNlhO2pG37NPSv6tJ/k+wudl13yLOi\n+5EazraaOQBhkRyTccu1xOqITzIdrDy8oYJXFyG4QxnKURh9sqW8KOk+6W4iD7ug\nNyUml0daSm8khjKWkeqgu4wZWmC4nJJWrm4MC9JXYYFm3mNjx9KsWo+iwpzHxDJD\nwqgIGKobmalEXBmB1eHeylctJbhV3/LKtX0BNZs3Lyv95t6GAsJ5vJ4RfGiJZYVs\nQZjfAoIBAQCRbXwY8+AXwziSbOb927+HpT6MOT/VlqvNDOqQP3SXJn+rEA/AQA2S\nc8ZhgtLPB/4+Gz/gHQPQ26oMWKPhFP4P8isa7teWj4capi4sjn6H4ItdSDuNflTw\n9wcsjeW4wprDg3aN1URyqcMgukWCuoTGvDwjnhf91+O4Wl6X08Qho9WoKz+Aew4Q\ngeNMnkQbl8dVdNd2GQ0W8sAO1XsXy/AySy+vw+ka6BooRjkAI13wI/DvDSMarDSk\noR8ETSHt1nz2MJZbYWnPMbJe48XGw0qeDyGFjJfHB1k80Di4BeO/BJIAbI5uWSOw\nqiDLlm+egfZLgF+QibBSrpKeG61EsQsBAoIBAFyrYHEERDTsAG8sHp2u53EImucB\nMBAQ/6egxvteskN4KrBbkID1fg7YXKpLLxDTV+CmKRB+U4XT6aNjBnO4ZuJK+vxn\nMTfBzpHgH45VQ1zOVpEBW07eHrEFO/6Dh1RXTxKAX3qTCUO12FZEj2pQreTGn5gt\ntoowzDqtF1eril/yTy5vNHp5f80xC1HR3LZmYbgqdDvN2SsqcQwGUCy6YeNsmnZM\n5EjBmphzB1FKTeOlLSS0FbTPJCMfo25B/TuboAC1SqUrN7Fl5z8bY4i7pdf/QShp\nUzWaOxF9lSNtRHmSYdgnhoXLuA6bvlWea1OfsPRYKZUs8ytBeym70GL3HLo=\n-----END RSA PRIVATE KEY-----\n",
      "type": "string"
    }
  },
  "resources": [
    {
      "mode": "managed",
      "type": "aws_instance",
      "name": "caldera_server",
      "provider": "provider[\"registry.terraform.io/hashicorp/aws\"]",
      "instances": [
        {
          "schema_version": 1,
          "attributes": {
            "ami": "ami-09d56f8956ab235b3",
            "arn": "arn:aws:ec2:us-east-1:202496921663:instance/i-009214439c41d28be",
            "associate_public_ip_address": true,
            "availability_zone": "us-east-1a",
            "capacity_reservation_specification": [
              {
                "capacity_reservation_preference": "open",
                "capacity_reservation_target": []
              }
            ],
            "cpu_core_count": 1,
            "cpu_threads_per_core": 2,
            "credit_specification": [
              {
                "cpu_credits": "unlimited"
              }
            ],
            "disable_api_stop": false,
            "disable_api_termination": false,
            "ebs_block_device": [],
            "ebs_optimized": false,
            "enclave_options": [
              {
                "enabled": false
              }
            ],
            "ephemeral_block_device": [],
            "get_password_data": false,
            "hibernation": false,
            "host_id": null,
            "iam_instance_profile": "",
            "id": "i-009214439c41d28be",
            "instance_initiated_shutdown_behavior": "stop",
            "instance_state": "running",
            "instance_type": "t3.medium",
            "ipv6_address_count": 0,
            "ipv6_addresses": [],
            "key_name": "caldera-node",
            "launch_template": [],
            "maintenance_options": [
              {
                "auto_recovery": "default"
              }
            ],
            "metadata_options": [
              {
                "http_endpoint": "enabled",
                "http_put_response_hop_limit": 1,
                "http_tokens": "optional",
                "instance_metadata_tags": "disabled"
              }
            ],
            "monitoring": false,
            "network_interface": [],
            "outpost_arn": "",
            "password_data": "",
            "placement_group": "",
            "placement_partition_number": null,
            "primary_network_interface_id": "eni-029c1a2af867adc18",
            "private_dns": "ip-172-23-6-95.ec2.internal",
            "private_dns_name_options": [
              {
                "enable_resource_name_dns_a_record": false,
                "enable_resource_name_dns_aaaa_record": false,
                "hostname_type": "ip-name"
              }
            ],
            "private_ip": "172.23.6.95",
            "public_dns": "ec2-52-207-182-94.compute-1.amazonaws.com",
            "public_ip": "52.207.182.94",
            "root_block_device": [
              {
                "delete_on_termination": true,
                "device_name": "/dev/sda1",
                "encrypted": false,
                "iops": 100,
                "kms_key_id": "",
                "tags": {},
                "throughput": 0,
                "volume_id": "vol-0fd4164f0ceedbc0a",
                "volume_size": 8,
                "volume_type": "gp2"
              }
            ],
            "secondary_private_ips": [],
            "security_groups": [],
            "source_dest_check": true,
            "subnet_id": "subnet-04fbd1bed8436915b",
            "tags": {
              "Name": "caldera_server",
              "environment": "caldera-test"
            },
            "tags_all": {
              "Name": "caldera_server",
              "environment": "caldera-test"
            },
            "tenancy": "default",
            "timeouts": null,
            "user_data": "40871111b73dea6b5d322930f8e792b4e96fbfa4",
            "user_data_base64": null,
            "user_data_replace_on_change": false,
            "volume_tags": null,
            "vpc_security_group_ids": [
              "sg-0cdf0d9010c06cf41"
            ]
          },
          "sensitive_attributes": [],
          "private": "eyJlMmJmYjczMC1lY2FhLTExZTYtOGY4OC0zNDM2M2JjN2M0YzAiOnsiY3JlYXRlIjo2MDAwMDAwMDAwMDAsImRlbGV0ZSI6MTIwMDAwMDAwMDAwMCwidXBkYXRlIjo2MDAwMDAwMDAwMDB9LCJzY2hlbWFfdmVyc2lvbiI6IjEifQ==",
          "dependencies": [
            "aws_security_group.sg_caldera_server",
            "module.aws_rsa_key.aws_key_pair.worker",
            "module.aws_rsa_key.local_file.ssh_local",
            "module.aws_rsa_key.tls_private_key.ssh_key",
            "module.vpc.aws_cloudwatch_log_group.flow_log",
            "module.vpc.aws_customer_gateway.this",
            "module.vpc.aws_db_subnet_group.database",
            "module.vpc.aws_default_network_acl.this",
            "module.vpc.aws_default_route_table.default",
            "module.vpc.aws_default_security_group.this",
            "module.vpc.aws_default_vpc.this",
            "module.vpc.aws_egress_only_internet_gateway.this",
            "module.vpc.aws_eip.nat",
            "module.vpc.aws_elasticache_subnet_group.elasticache",
            "module.vpc.aws_flow_log.this",
            "module.vpc.aws_iam_policy.vpc_flow_log_cloudwatch",
            "module.vpc.aws_iam_role.vpc_flow_log_cloudwatch",
            "module.vpc.aws_iam_role_policy_attachment.vpc_flow_log_cloudwatch",
            "module.vpc.aws_internet_gateway.this",
            "module.vpc.aws_nat_gateway.this",
            "module.vpc.aws_network_acl.database",
            "module.vpc.aws_network_acl.elasticache",
            "module.vpc.aws_network_acl.intra",
            "module.vpc.aws_network_acl.outpost",
            "module.vpc.aws_network_acl.private",
            "module.vpc.aws_network_acl.public",
            "module.vpc.aws_network_acl.redshift",
            "module.vpc.aws_network_acl_rule.database_inbound",
            "module.vpc.aws_network_acl_rule.database_outbound",
            "module.vpc.aws_network_acl_rule.elasticache_inbound",
            "module.vpc.aws_network_acl_rule.elasticache_outbound",
            "module.vpc.aws_network_acl_rule.intra_inbound",
            "module.vpc.aws_network_acl_rule.intra_outbound",
            "module.vpc.aws_network_acl_rule.outpost_inbound",
            "module.vpc.aws_network_acl_rule.outpost_outbound",
            "module.vpc.aws_network_acl_rule.private_inbound",
            "module.vpc.aws_network_acl_rule.private_outbound",
            "module.vpc.aws_network_acl_rule.public_inbound",
            "module.vpc.aws_network_acl_rule.public_outbound",
            "module.vpc.aws_network_acl_rule.redshift_inbound",
            "module.vpc.aws_network_acl_rule.redshift_outbound",
            "module.vpc.aws_redshift_subnet_group.redshift",
            "module.vpc.aws_route.database_internet_gateway",
            "module.vpc.aws_route.database_ipv6_egress",
            "module.vpc.aws_route.database_nat_gateway",
            "module.vpc.aws_route.private_ipv6_egress",
            "module.vpc.aws_route.private_nat_gateway",
            "module.vpc.aws_route.public_internet_gateway",
            "module.vpc.aws_route.public_internet_gateway_ipv6",
            "module.vpc.aws_route_table.database",
            "module.vpc.aws_route_table.elasticache",
            "module.vpc.aws_route_table.intra",
            "module.vpc.aws_route_table.private",
            "module.vpc.aws_route_table.public",
            "module.vpc.aws_route_table.redshift",
            "module.vpc.aws_route_table_association.database",
            "module.vpc.aws_route_table_association.elasticache",
            "module.vpc.aws_route_table_association.intra",
            "module.vpc.aws_route_table_association.outpost",
            "module.vpc.aws_route_table_association.private",
            "module.vpc.aws_route_table_association.public",
            "module.vpc.aws_route_table_association.redshift",
            "module.vpc.aws_route_table_association.redshift_public",
            "module.vpc.aws_subnet.database",
            "module.vpc.aws_subnet.elasticache",
            "module.vpc.aws_subnet.intra",
            "module.vpc.aws_subnet.outpost",
            "module.vpc.aws_subnet.private",
            "module.vpc.aws_subnet.public",
            "module.vpc.aws_subnet.redshift",
            "module.vpc.aws_vpc.this",
            "module.vpc.aws_vpc_dhcp_options.this",
            "module.vpc.aws_vpc_dhcp_options_association.this",
            "module.vpc.aws_vpc_ipv4_cidr_block_association.this",
            "module.vpc.aws_vpn_gateway.this",
            "module.vpc.aws_vpn_gateway_attachment.this",
            "module.vpc.aws_vpn_gateway_route_propagation.intra",
            "module.vpc.aws_vpn_gateway_route_propagation.private",
            "module.vpc.aws_vpn_gateway_route_propagation.public",
            "module.vpc.data.aws_iam_policy_document.flow_log_cloudwatch_assume_role",
            "module.vpc.data.aws_iam_policy_document.vpc_flow_log_cloudwatch"
          ]
        }
      ]
    },
    {
      "mode": "managed",
      "type": "aws_security_group",
      "name": "sg_caldera_server",
      "provider": "provider[\"registry.terraform.io/hashicorp/aws\"]",
      "instances": [
        {
          "schema_version": 1,
          "attributes": {
            "arn": "arn:aws:ec2:us-east-1:202496921663:security-group/sg-0cdf0d9010c06cf41",
            "description": "Allow ports for caldera server",
            "egress": [
              {
                "cidr_blocks": [
                  "0.0.0.0/0"
                ],
                "description": "",
                "from_port": 0,
                "ipv6_cidr_blocks": [],
                "prefix_list_ids": [],
                "protocol": "-1",
                "security_groups": [],
                "self": false,
                "to_port": 0
              }
            ],
            "id": "sg-0cdf0d9010c06cf41",
            "ingress": [
              {
                "cidr_blocks": [
                  "0.0.0.0/0"
                ],
                "description": "Caldera server port",
                "from_port": 2288,
                "ipv6_cidr_blocks": [],
                "prefix_list_ids": [],
                "protocol": "tcp",
                "security_groups": [],
                "self": false,
                "to_port": 2288
              },
              {
                "cidr_blocks": [
                  "0.0.0.0/0"
                ],
                "description": "SSH from VPC",
                "from_port": 22,
                "ipv6_cidr_blocks": [],
                "prefix_list_ids": [],
                "protocol": "tcp",
                "security_groups": [],
                "self": false,
                "to_port": 22
              }
            ],
            "name": "sg_caldera_linux",
            "name_prefix": "",
            "owner_id": "202496921663",
            "revoke_rules_on_delete": false,
            "tags": {
              "environment": "caldera-test"
            },
            "tags_all": {
              "environment": "caldera-test"
            },
            "timeouts": null,
            "vpc_id": "vpc-02b48695e9d7af916"
          },
          "sensitive_attributes": [],
          "private": "eyJlMmJmYjczMC1lY2FhLTExZTYtOGY4OC0zNDM2M2JjN2M0YzAiOnsiY3JlYXRlIjo2MDAwMDAwMDAwMDAsImRlbGV0ZSI6OTAwMDAwMDAwMDAwfSwic2NoZW1hX3ZlcnNpb24iOiIxIn0=",
          "dependencies": [
            "module.vpc.aws_vpc.this"
          ]
        }
      ]
    },
    {
      "module": "module.aws_rsa_key",
      "mode": "managed",
      "type": "aws_key_pair",
      "name": "worker",
      "provider": "provider[\"registry.terraform.io/hashicorp/aws\"]",
      "instances": [
        {
          "schema_version": 1,
          "attributes": {
            "arn": "arn:aws:ec2:us-east-1:202496921663:key-pair/caldera-node",
            "fingerprint": "f6:70:37:fa:94:70:1b:7c:25:7d:92:ef:49:11:3d:61",
            "id": "caldera-node",
            "key_name": "caldera-node",
            "key_name_prefix": "",
            "key_pair_id": "key-0963383ae38dd5af8",
            "key_type": "rsa",
            "public_key": "ssh-rsa AAAAB3NzaC1yc2EAAAADAQABAAACAQCU7vEl4ZSniEJPF8Qu3oXKitVY24ATK6ahOfsOJsV2a9f6sRnO2eH/PDPxpd5h+VWUaAXfg7LVyS/z9ydeU1uWwIrmJgtLvkRxrQ+kHATNP8HNMiHW4RgJWpm7H1e221mTH4pTln9I5lGBOWR/aj/ywuuP49xoqfmlhi3wWoL+ShZFmn9jQUxu1HOLTFEK8QH7eHhxb3BjT7nZc+u3ko0uZK1Xrw8Zsv0EAVu3RW4MJvy784A4RFalk0nAZ3WWxAX3qcyPam34Xkj4N/GvKAV59mkYWfer5uccsXmX9HA2qCm5+r0jlOyA1qNUbTqUX292sM2w4ZPU0yDJdc2pt5mhNGHEDLGy74diLhIkF5iLSKsPCRvTHso8CfX4ROcb63andqfpwN8buSq9VpmB0mn13cpGXOBATJ7Va+vQJRQIzUCfifel29lsiVdeSo350DPg05HV8j6W8CCobrl7LEh/R9Tfot7+oesOHDdtUN8ApnlUwarIwTvEw7MMYNrpK8gVkwMRd3N/79ymq1z5uBqMJq00D9MBfrnDFsrIAu0A+02W2LyYm/MmE1S5aGH/hnH4xWtgDQNGyfeMTr+1WXAuU6tHZa5u72KgjL07TNIzwZE1+5BsJSsLlGhWJpAAoM/TZTTqdT0oX20e/ieh+UYduiTnY2x7agWxU9QDr2qQ4w==",
            "tags": null,
            "tags_all": {}
          },
          "sensitive_attributes": [],
          "private": "eyJzY2hlbWFfdmVyc2lvbiI6IjEifQ==",
          "dependencies": [
            "module.aws_rsa_key.tls_private_key.ssh_key",
            "module.vpc.aws_cloudwatch_log_group.flow_log",
            "module.vpc.aws_customer_gateway.this",
            "module.vpc.aws_db_subnet_group.database",
            "module.vpc.aws_default_network_acl.this",
            "module.vpc.aws_default_route_table.default",
            "module.vpc.aws_default_security_group.this",
            "module.vpc.aws_default_vpc.this",
            "module.vpc.aws_egress_only_internet_gateway.this",
            "module.vpc.aws_eip.nat",
            "module.vpc.aws_elasticache_subnet_group.elasticache",
            "module.vpc.aws_flow_log.this",
            "module.vpc.aws_iam_policy.vpc_flow_log_cloudwatch",
            "module.vpc.aws_iam_role.vpc_flow_log_cloudwatch",
            "module.vpc.aws_iam_role_policy_attachment.vpc_flow_log_cloudwatch",
            "module.vpc.aws_internet_gateway.this",
            "module.vpc.aws_nat_gateway.this",
            "module.vpc.aws_network_acl.database",
            "module.vpc.aws_network_acl.elasticache",
            "module.vpc.aws_network_acl.intra",
            "module.vpc.aws_network_acl.outpost",
            "module.vpc.aws_network_acl.private",
            "module.vpc.aws_network_acl.public",
            "module.vpc.aws_network_acl.redshift",
            "module.vpc.aws_network_acl_rule.database_inbound",
            "module.vpc.aws_network_acl_rule.database_outbound",
            "module.vpc.aws_network_acl_rule.elasticache_inbound",
            "module.vpc.aws_network_acl_rule.elasticache_outbound",
            "module.vpc.aws_network_acl_rule.intra_inbound",
            "module.vpc.aws_network_acl_rule.intra_outbound",
            "module.vpc.aws_network_acl_rule.outpost_inbound",
            "module.vpc.aws_network_acl_rule.outpost_outbound",
            "module.vpc.aws_network_acl_rule.private_inbound",
            "module.vpc.aws_network_acl_rule.private_outbound",
            "module.vpc.aws_network_acl_rule.public_inbound",
            "module.vpc.aws_network_acl_rule.public_outbound",
            "module.vpc.aws_network_acl_rule.redshift_inbound",
            "module.vpc.aws_network_acl_rule.redshift_outbound",
            "module.vpc.aws_redshift_subnet_group.redshift",
            "module.vpc.aws_route.database_internet_gateway",
            "module.vpc.aws_route.database_ipv6_egress",
            "module.vpc.aws_route.database_nat_gateway",
            "module.vpc.aws_route.private_ipv6_egress",
            "module.vpc.aws_route.private_nat_gateway",
            "module.vpc.aws_route.public_internet_gateway",
            "module.vpc.aws_route.public_internet_gateway_ipv6",
            "module.vpc.aws_route_table.database",
            "module.vpc.aws_route_table.elasticache",
            "module.vpc.aws_route_table.intra",
            "module.vpc.aws_route_table.private",
            "module.vpc.aws_route_table.public",
            "module.vpc.aws_route_table.redshift",
            "module.vpc.aws_route_table_association.database",
            "module.vpc.aws_route_table_association.elasticache",
            "module.vpc.aws_route_table_association.intra",
            "module.vpc.aws_route_table_association.outpost",
            "module.vpc.aws_route_table_association.private",
            "module.vpc.aws_route_table_association.public",
            "module.vpc.aws_route_table_association.redshift",
            "module.vpc.aws_route_table_association.redshift_public",
            "module.vpc.aws_subnet.database",
            "module.vpc.aws_subnet.elasticache",
            "module.vpc.aws_subnet.intra",
            "module.vpc.aws_subnet.outpost",
            "module.vpc.aws_subnet.private",
            "module.vpc.aws_subnet.public",
            "module.vpc.aws_subnet.redshift",
            "module.vpc.aws_vpc.this",
            "module.vpc.aws_vpc_dhcp_options.this",
            "module.vpc.aws_vpc_dhcp_options_association.this",
            "module.vpc.aws_vpc_ipv4_cidr_block_association.this",
            "module.vpc.aws_vpn_gateway.this",
            "module.vpc.aws_vpn_gateway_attachment.this",
            "module.vpc.aws_vpn_gateway_route_propagation.intra",
            "module.vpc.aws_vpn_gateway_route_propagation.private",
            "module.vpc.aws_vpn_gateway_route_propagation.public",
            "module.vpc.data.aws_iam_policy_document.flow_log_cloudwatch_assume_role",
            "module.vpc.data.aws_iam_policy_document.vpc_flow_log_cloudwatch"
          ]
        }
      ]
    },
    {
      "module": "module.aws_rsa_key",
      "mode": "managed",
      "type": "tls_private_key",
      "name": "ssh_key",
      "provider": "provider[\"registry.terraform.io/hashicorp/tls\"]",
      "instances": [
        {
          "schema_version": 0,
          "attributes": {
            "algorithm": "RSA",
            "ecdsa_curve": "P224",
            "id": "dc91b8bc9b4ae2acea160c1c340f4d9624477104",
            "private_key_openssh": "-----BEGIN OPENSSH PRIVATE KEY-----\nb3BlbnNzaC1rZXktdjEAAAAABG5vbmUAAAAEbm9uZQAAAAAAAAABAAACFwAAAAdz\nc2gtcnNhAAAAAwEAAQAAAgEAlO7xJeGUp4hCTxfELt6FyorVWNuAEyumoTn7DibF\ndmvX+rEZztnh/zwz8aXeYflVlGgF34Oy1ckv8/cnXlNblsCK5iYLS75Eca0PpBwE\nzT/BzTIh1uEYCVqZux9XtttZkx+KU5Z/SOZRgTlkf2o/8sLrj+PcaKn5pYYt8FqC\n/koWRZp/Y0FMbtRzi0xRCvEB+3h4cW9wY0+52XPrt5KNLmStV68PGbL9BAFbt0Vu\nDCb8u/OAOERWpZNJwGd1lsQF96nMj2pt+F5I+DfxrygFefZpGFn3q+bnHLF5l/Rw\nNqgpufq9I5TsgNajVG06lF9vdrDNsOGT1NMgyXXNqbeZoTRhxAyxsu+HYi4SJBeY\ni0irDwkb0x7KPAn1+ETnG+t2p3an6cDfG7kqvVaZgdJp9d3KRlzgQEye1Wvr0CUU\nCM1An4n3pdvZbIlXXkqN+dAz4NOR1fI+lvAgqG65eyxIf0fU36Le/qHrDhw3bVDf\nAKZ5VMGqyME7xMOzDGDa6SvIFZMDEXdzf+/cpqtc+bgajCatNA/TAX65wxbKyALt\nAPtNlti8mJvzJhNUuWhh/4Zx+MVrYA0DRsn3jE6/tVlwLlOrR2Wubu9ioIy9O0zS\nM8GRNfuQbCUrC5RoViaQAKDP02U06nU9KF9tHv4noflGHbok52Nse2oFsVPUA69q\nkOMAAAc4UcTR6VHE0ekAAAAHc3NoLXJzYQAAAgEAlO7xJeGUp4hCTxfELt6FyorV\nWNuAEyumoTn7DibFdmvX+rEZztnh/zwz8aXeYflVlGgF34Oy1ckv8/cnXlNblsCK\n5iYLS75Eca0PpBwEzT/BzTIh1uEYCVqZux9XtttZkx+KU5Z/SOZRgTlkf2o/8sLr\nj+PcaKn5pYYt8FqC/koWRZp/Y0FMbtRzi0xRCvEB+3h4cW9wY0+52XPrt5KNLmSt\nV68PGbL9BAFbt0VuDCb8u/OAOERWpZNJwGd1lsQF96nMj2pt+F5I+DfxrygFefZp\nGFn3q+bnHLF5l/RwNqgpufq9I5TsgNajVG06lF9vdrDNsOGT1NMgyXXNqbeZoTRh\nxAyxsu+HYi4SJBeYi0irDwkb0x7KPAn1+ETnG+t2p3an6cDfG7kqvVaZgdJp9d3K\nRlzgQEye1Wvr0CUUCM1An4n3pdvZbIlXXkqN+dAz4NOR1fI+lvAgqG65eyxIf0fU\n36Le/qHrDhw3bVDfAKZ5VMGqyME7xMOzDGDa6SvIFZMDEXdzf+/cpqtc+bgajCat\nNA/TAX65wxbKyALtAPtNlti8mJvzJhNUuWhh/4Zx+MVrYA0DRsn3jE6/tVlwLlOr\nR2Wubu9ioIy9O0zSM8GRNfuQbCUrC5RoViaQAKDP02U06nU9KF9tHv4noflGHbok\n52Nse2oFsVPUA69qkOMAAAADAQABAAACAB8OXFbL3VW6AinACPbFDB0aKjbnPqPA\nvHRuRL3Es/RntJfgCkOqB4hTo3lGX0MK3R+fOWpMaiROWaOD7D+tHjInYE9xq3VV\n7avOrK5J8W5jVyRUyd2m/n4k2F2+wWmt/9XAA/Y+Mbif3msV7rDrFP6oSrqshy+E\nEjzD6Bxwo1QnWtGUz++AlFGgF5/6gAPKEeHAU01EMalj3JtNot+avbno4ISiSoHP\nYxdMuTVUUwhRsO34bspM5cyNFBn8+PZBVgU48SEOznO2JX0tHUarD8lI6s1bJVxB\nP/wpvfND04pyMpFHid07lr2fBFv8kvSRmgqj/6BcyZjdlb6sxAAZ+vzjILHCAvzs\noLJMAAKhL+DO5okU82/MvzEK5Vw3DuKxhNqu2/yKIx6cSrgZvVr0XMS2KZfYKcLv\nyrO2YoF8TZx7uBreVy5lT5pB1chnyI3TbthgSlkMvIh957yECTyGwRm0baBnbf91\nVnl21wvv/i7yLWg+c0Qjbrc27UrGm2mac+xADNqxHmdFchrwaAbRaSX625yvKqqP\nASEKngHsZTtfIFIX2raTcRrU235aavYNXB0tqHzTJ4gz2H3MY8KmobKZmaNeRCWa\nxbYJyciX2bKOJ8c3EIHl49X9iiXVERJW+0yCdDO7g0y+AM5+c1COWJnG2iscLrvN\nva/sN6/hQyWhAAABAFyrYHEERDTsAG8sHp2u53EImucBMBAQ/6egxvteskN4KrBb\nkID1fg7YXKpLLxDTV+CmKRB+U4XT6aNjBnO4ZuJK+vxnMTfBzpHgH45VQ1zOVpEB\nW07eHrEFO/6Dh1RXTxKAX3qTCUO12FZEj2pQreTGn5gttoowzDqtF1eril/yTy5v\nNHp5f80xC1HR3LZmYbgqdDvN2SsqcQwGUCy6YeNsmnZM5EjBmphzB1FKTeOlLSS0\nFbTPJCMfo25B/TuboAC1SqUrN7Fl5z8bY4i7pdf/QShpUzWaOxF9lSNtRHmSYdgn\nhoXLuA6bvlWea1OfsPRYKZUs8ytBeym70GL3HLoAAAEBAMDpvQiOw/+Of50MoZPp\n8svk4j+FwcbzsqoqyTTGZK+eW5IPr0gWWeVwR/yw5xsKMTLH3XAKzza8ptONtulv\njtVy2nty3pt9I0kA45hYFDaoNLcrcUZKQGWLE94lKNt57i1Ye5WUqrjI4AtYq+Ut\nI5wJoFpYsuyWce1kHOvMCV9dvW32jCQmEcqEV8c2sm6JJa1o/wqvkGqvQfvfhdqU\nzN9EoXR+8VXArWsFowptp5jAMvLF3pykApjH5mI4+4o6gqZHsXkRHeldbU81ScMd\nahguaSuTWQGJ+l1jKgCUyF3Ve+nrNNfe/rafTXhgh2PIQ+ASN57lX17yrnZfixvY\nX0sAAAEBAMWjUhVRrCThVuuk6aI+f+7eOlwHMt7+en+03weHE1DVe5dw8EnPJlHi\n6dwJHHa22tR6TGsshx+YApczulGAa45wxR+QfbxCEY0Q3UZ64LEscHHraD+AGQ17\ny94jF07dnoZcYUJ7w+gfite54Aw7J+1RuYBk4b2p4dlCM+h8KAi0sxxfrgNeW3Qb\ny2qE7iFxfcbm7V83kNFIqIX5mPT+2nLPbTO+5oM76E35YbYV501Nd9yn7otgvVQ0\nADLbVx5d/2NHPmhCR0Ps+4BfUvRTq5RvxlpHKbkobnCtN0C27odvBJz0soKsWRDk\nEEDYZNiuvaaYxoCkyEMYJnV1cXpM3ckAAAAAAQID\n-----END OPENSSH PRIVATE KEY-----\n",
            "private_key_pem": "-----BEGIN RSA PRIVATE KEY-----\nMIIJKAIBAAKCAgEAlO7xJeGUp4hCTxfELt6FyorVWNuAEyumoTn7DibFdmvX+rEZ\nztnh/zwz8aXeYflVlGgF34Oy1ckv8/cnXlNblsCK5iYLS75Eca0PpBwEzT/BzTIh\n1uEYCVqZux9XtttZkx+KU5Z/SOZRgTlkf2o/8sLrj+PcaKn5pYYt8FqC/koWRZp/\nY0FMbtRzi0xRCvEB+3h4cW9wY0+52XPrt5KNLmStV68PGbL9BAFbt0VuDCb8u/OA\nOERWpZNJwGd1lsQF96nMj2pt+F5I+DfxrygFefZpGFn3q+bnHLF5l/RwNqgpufq9\nI5TsgNajVG06lF9vdrDNsOGT1NMgyXXNqbeZoTRhxAyxsu+HYi4SJBeYi0irDwkb\n0x7KPAn1+ETnG+t2p3an6cDfG7kqvVaZgdJp9d3KRlzgQEye1Wvr0CUUCM1An4n3\npdvZbIlXXkqN+dAz4NOR1fI+lvAgqG65eyxIf0fU36Le/qHrDhw3bVDfAKZ5VMGq\nyME7xMOzDGDa6SvIFZMDEXdzf+/cpqtc+bgajCatNA/TAX65wxbKyALtAPtNlti8\nmJvzJhNUuWhh/4Zx+MVrYA0DRsn3jE6/tVlwLlOrR2Wubu9ioIy9O0zSM8GRNfuQ\nbCUrC5RoViaQAKDP02U06nU9KF9tHv4noflGHbok52Nse2oFsVPUA69qkOMCAwEA\nAQKCAgAfDlxWy91VugIpwAj2xQwdGio25z6jwLx0bkS9xLP0Z7SX4ApDqgeIU6N5\nRl9DCt0fnzlqTGokTlmjg+w/rR4yJ2BPcat1Ve2rzqyuSfFuY1ckVMndpv5+JNhd\nvsFprf/VwAP2PjG4n95rFe6w6xT+qEq6rIcvhBI8w+gccKNUJ1rRlM/vgJRRoBef\n+oADyhHhwFNNRDGpY9ybTaLfmr256OCEokqBz2MXTLk1VFMIUbDt+G7KTOXMjRQZ\n/Pj2QVYFOPEhDs5ztiV9LR1Gqw/JSOrNWyVcQT/8Kb3zQ9OKcjKRR4ndO5a9nwRb\n/JL0kZoKo/+gXMmY3ZW+rMQAGfr84yCxwgL87KCyTAACoS/gzuaJFPNvzL8xCuVc\nNw7isYTartv8iiMenEq4Gb1a9FzEtimX2CnC78qztmKBfE2ce7ga3lcuZU+aQdXI\nZ8iN027YYEpZDLyIfee8hAk8hsEZtG2gZ23/dVZ5dtcL7/4u8i1oPnNEI263Nu1K\nxptpmnPsQAzasR5nRXIa8GgG0Wkl+tucryqqjwEhCp4B7GU7XyBSF9q2k3Ea1Nt+\nWmr2DVwdLah80yeIM9h9zGPCpqGymZmjXkQlmsW2CcnIl9myjifHNxCB5ePV/Yol\n1RESVvtMgnQzu4NMvgDOfnNQjliZxtorHC67zb2v7Dev4UMloQKCAQEAwOm9CI7D\n/45/nQyhk+nyy+TiP4XBxvOyqirJNMZkr55bkg+vSBZZ5XBH/LDnGwoxMsfdcArP\nNrym04226W+O1XLae3Lem30jSQDjmFgUNqg0tytxRkpAZYsT3iUo23nuLVh7lZSq\nuMjgC1ir5S0jnAmgWliy7JZx7WQc68wJX129bfaMJCYRyoRXxzayboklrWj/Cq+Q\naq9B+9+F2pTM30ShdH7xVcCtawWjCm2nmMAy8sXenKQCmMfmYjj7ijqCpkexeREd\n6V1tTzVJwx1qGC5pK5NZAYn6XWMqAJTIXdV76es0197+tp9NeGCHY8hD4BI3nuVf\nXvKudl+LG9hfSwKCAQEAxaNSFVGsJOFW66Tpoj5/7t46XAcy3v56f7TfB4cTUNV7\nl3DwSc8mUeLp3Akcdrba1HpMayyHH5gClzO6UYBrjnDFH5B9vEIRjRDdRnrgsSxw\ncetoP4AZDXvL3iMXTt2ehlxhQnvD6B+K17ngDDsn7VG5gGThvanh2UIz6HwoCLSz\nHF+uA15bdBvLaoTuIXF9xubtXzeQ0UiohfmY9P7acs9tM77mgzvoTflhthXnTU13\n3Kfui2C9VDQAMttXHl3/Y0c+aEJHQ+z7gF9S9FOrlG/GWkcpuShucK03QLbuh28E\nnPSygqxZEOQQQNhk2K69ppjGgKTIQxgmdXVxekzdyQKCAQA76p0GwmjHv/eMzLaG\nnVwGzfEjb6TO6TPtvFo/5PqyvQmN5Qc46ZBEPcpuBnfRIypCrmbtfL39LzzVaieM\ne1SuoPyQ6Q2Q154U94y47Wphy36MAZcuELPNlhO2pG37NPSv6tJ/k+wudl13yLOi\n+5EazraaOQBhkRyTccu1xOqITzIdrDy8oYJXFyG4QxnKURh9sqW8KOk+6W4iD7ug\nNyUml0daSm8khjKWkeqgu4wZWmC4nJJWrm4MC9JXYYFm3mNjx9KsWo+iwpzHxDJD\nwqgIGKobmalEXBmB1eHeylctJbhV3/LKtX0BNZs3Lyv95t6GAsJ5vJ4RfGiJZYVs\nQZjfAoIBAQCRbXwY8+AXwziSbOb927+HpT6MOT/VlqvNDOqQP3SXJn+rEA/AQA2S\nc8ZhgtLPB/4+Gz/gHQPQ26oMWKPhFP4P8isa7teWj4capi4sjn6H4ItdSDuNflTw\n9wcsjeW4wprDg3aN1URyqcMgukWCuoTGvDwjnhf91+O4Wl6X08Qho9WoKz+Aew4Q\ngeNMnkQbl8dVdNd2GQ0W8sAO1XsXy/AySy+vw+ka6BooRjkAI13wI/DvDSMarDSk\noR8ETSHt1nz2MJZbYWnPMbJe48XGw0qeDyGFjJfHB1k80Di4BeO/BJIAbI5uWSOw\nqiDLlm+egfZLgF+QibBSrpKeG61EsQsBAoIBAFyrYHEERDTsAG8sHp2u53EImucB\nMBAQ/6egxvteskN4KrBbkID1fg7YXKpLLxDTV+CmKRB+U4XT6aNjBnO4ZuJK+vxn\nMTfBzpHgH45VQ1zOVpEBW07eHrEFO/6Dh1RXTxKAX3qTCUO12FZEj2pQreTGn5gt\ntoowzDqtF1eril/yTy5vNHp5f80xC1HR3LZmYbgqdDvN2SsqcQwGUCy6YeNsmnZM\n5EjBmphzB1FKTeOlLSS0FbTPJCMfo25B/TuboAC1SqUrN7Fl5z8bY4i7pdf/QShp\nUzWaOxF9lSNtRHmSYdgnhoXLuA6bvlWea1OfsPRYKZUs8ytBeym70GL3HLo=\n-----END RSA PRIVATE KEY-----\n",
            "public_key_fingerprint_md5": "85:7b:1f:f4:9e:a0:d8:fb:2d:f3:3b:28:2d:dc:c2:cf",
            "public_key_fingerprint_sha256": "SHA256:40zwbXwGMNpK/oeU4b/3TT6syneMDeUy00m34tRw5Fw",
            "public_key_openssh": "ssh-rsa AAAAB3NzaC1yc2EAAAADAQABAAACAQCU7vEl4ZSniEJPF8Qu3oXKitVY24ATK6ahOfsOJsV2a9f6sRnO2eH/PDPxpd5h+VWUaAXfg7LVyS/z9ydeU1uWwIrmJgtLvkRxrQ+kHATNP8HNMiHW4RgJWpm7H1e221mTH4pTln9I5lGBOWR/aj/ywuuP49xoqfmlhi3wWoL+ShZFmn9jQUxu1HOLTFEK8QH7eHhxb3BjT7nZc+u3ko0uZK1Xrw8Zsv0EAVu3RW4MJvy784A4RFalk0nAZ3WWxAX3qcyPam34Xkj4N/GvKAV59mkYWfer5uccsXmX9HA2qCm5+r0jlOyA1qNUbTqUX292sM2w4ZPU0yDJdc2pt5mhNGHEDLGy74diLhIkF5iLSKsPCRvTHso8CfX4ROcb63andqfpwN8buSq9VpmB0mn13cpGXOBATJ7Va+vQJRQIzUCfifel29lsiVdeSo350DPg05HV8j6W8CCobrl7LEh/R9Tfot7+oesOHDdtUN8ApnlUwarIwTvEw7MMYNrpK8gVkwMRd3N/79ymq1z5uBqMJq00D9MBfrnDFsrIAu0A+02W2LyYm/MmE1S5aGH/hnH4xWtgDQNGyfeMTr+1WXAuU6tHZa5u72KgjL07TNIzwZE1+5BsJSsLlGhWJpAAoM/TZTTqdT0oX20e/ieh+UYduiTnY2x7agWxU9QDr2qQ4w==\n",
            "public_key_pem": "-----BEGIN PUBLIC KEY-----\nMIICIjANBgkqhkiG9w0BAQEFAAOCAg8AMIICCgKCAgEAlO7xJeGUp4hCTxfELt6F\nyorVWNuAEyumoTn7DibFdmvX+rEZztnh/zwz8aXeYflVlGgF34Oy1ckv8/cnXlNb\nlsCK5iYLS75Eca0PpBwEzT/BzTIh1uEYCVqZux9XtttZkx+KU5Z/SOZRgTlkf2o/\n8sLrj+PcaKn5pYYt8FqC/koWRZp/Y0FMbtRzi0xRCvEB+3h4cW9wY0+52XPrt5KN\nLmStV68PGbL9BAFbt0VuDCb8u/OAOERWpZNJwGd1lsQF96nMj2pt+F5I+DfxrygF\nefZpGFn3q+bnHLF5l/RwNqgpufq9I5TsgNajVG06lF9vdrDNsOGT1NMgyXXNqbeZ\noTRhxAyxsu+HYi4SJBeYi0irDwkb0x7KPAn1+ETnG+t2p3an6cDfG7kqvVaZgdJp\n9d3KRlzgQEye1Wvr0CUUCM1An4n3pdvZbIlXXkqN+dAz4NOR1fI+lvAgqG65eyxI\nf0fU36Le/qHrDhw3bVDfAKZ5VMGqyME7xMOzDGDa6SvIFZMDEXdzf+/cpqtc+bga\njCatNA/TAX65wxbKyALtAPtNlti8mJvzJhNUuWhh/4Zx+MVrYA0DRsn3jE6/tVlw\nLlOrR2Wubu9ioIy9O0zSM8GRNfuQbCUrC5RoViaQAKDP02U06nU9KF9tHv4noflG\nHbok52Nse2oFsVPUA69qkOMCAwEAAQ==\n-----END PUBLIC KEY-----\n",
            "rsa_bits": 4096
          },
          "sensitive_attributes": [],
          "private": "bnVsbA==",
          "dependencies": [
            "module.vpc.aws_cloudwatch_log_group.flow_log",
            "module.vpc.aws_customer_gateway.this",
            "module.vpc.aws_db_subnet_group.database",
            "module.vpc.aws_default_network_acl.this",
            "module.vpc.aws_default_route_table.default",
            "module.vpc.aws_default_security_group.this",
            "module.vpc.aws_default_vpc.this",
            "module.vpc.aws_egress_only_internet_gateway.this",
            "module.vpc.aws_eip.nat",
            "module.vpc.aws_elasticache_subnet_group.elasticache",
            "module.vpc.aws_flow_log.this",
            "module.vpc.aws_iam_policy.vpc_flow_log_cloudwatch",
            "module.vpc.aws_iam_role.vpc_flow_log_cloudwatch",
            "module.vpc.aws_iam_role_policy_attachment.vpc_flow_log_cloudwatch",
            "module.vpc.aws_internet_gateway.this",
            "module.vpc.aws_nat_gateway.this",
            "module.vpc.aws_network_acl.database",
            "module.vpc.aws_network_acl.elasticache",
            "module.vpc.aws_network_acl.intra",
            "module.vpc.aws_network_acl.outpost",
            "module.vpc.aws_network_acl.private",
            "module.vpc.aws_network_acl.public",
            "module.vpc.aws_network_acl.redshift",
            "module.vpc.aws_network_acl_rule.database_inbound",
            "module.vpc.aws_network_acl_rule.database_outbound",
            "module.vpc.aws_network_acl_rule.elasticache_inbound",
            "module.vpc.aws_network_acl_rule.elasticache_outbound",
            "module.vpc.aws_network_acl_rule.intra_inbound",
            "module.vpc.aws_network_acl_rule.intra_outbound",
            "module.vpc.aws_network_acl_rule.outpost_inbound",
            "module.vpc.aws_network_acl_rule.outpost_outbound",
            "module.vpc.aws_network_acl_rule.private_inbound",
            "module.vpc.aws_network_acl_rule.private_outbound",
            "module.vpc.aws_network_acl_rule.public_inbound",
            "module.vpc.aws_network_acl_rule.public_outbound",
            "module.vpc.aws_network_acl_rule.redshift_inbound",
            "module.vpc.aws_network_acl_rule.redshift_outbound",
            "module.vpc.aws_redshift_subnet_group.redshift",
            "module.vpc.aws_route.database_internet_gateway",
            "module.vpc.aws_route.database_ipv6_egress",
            "module.vpc.aws_route.database_nat_gateway",
            "module.vpc.aws_route.private_ipv6_egress",
            "module.vpc.aws_route.private_nat_gateway",
            "module.vpc.aws_route.public_internet_gateway",
            "module.vpc.aws_route.public_internet_gateway_ipv6",
            "module.vpc.aws_route_table.database",
            "module.vpc.aws_route_table.elasticache",
            "module.vpc.aws_route_table.intra",
            "module.vpc.aws_route_table.private",
            "module.vpc.aws_route_table.public",
            "module.vpc.aws_route_table.redshift",
            "module.vpc.aws_route_table_association.database",
            "module.vpc.aws_route_table_association.elasticache",
            "module.vpc.aws_route_table_association.intra",
            "module.vpc.aws_route_table_association.outpost",
            "module.vpc.aws_route_table_association.private",
            "module.vpc.aws_route_table_association.public",
            "module.vpc.aws_route_table_association.redshift",
            "module.vpc.aws_route_table_association.redshift_public",
            "module.vpc.aws_subnet.database",
            "module.vpc.aws_subnet.elasticache",
            "module.vpc.aws_subnet.intra",
            "module.vpc.aws_subnet.outpost",
            "module.vpc.aws_subnet.private",
            "module.vpc.aws_subnet.public",
            "module.vpc.aws_subnet.redshift",
            "module.vpc.aws_vpc.this",
            "module.vpc.aws_vpc_dhcp_options.this",
            "module.vpc.aws_vpc_dhcp_options_association.this",
            "module.vpc.aws_vpc_ipv4_cidr_block_association.this",
            "module.vpc.aws_vpn_gateway.this",
            "module.vpc.aws_vpn_gateway_attachment.this",
            "module.vpc.aws_vpn_gateway_route_propagation.intra",
            "module.vpc.aws_vpn_gateway_route_propagation.private",
            "module.vpc.aws_vpn_gateway_route_propagation.public",
            "module.vpc.data.aws_iam_policy_document.flow_log_cloudwatch_assume_role",
            "module.vpc.data.aws_iam_policy_document.vpc_flow_log_cloudwatch"
          ]
        }
      ]
    },
    {
      "module": "module.vpc",
      "mode": "managed",
      "type": "aws_eip",
      "name": "nat",
      "provider": "provider[\"registry.terraform.io/hashicorp/aws\"]",
      "instances": [
        {
          "index_key": 0,
          "schema_version": 0,
          "attributes": {
            "address": null,
            "allocation_id": "eipalloc-0241cf22bcec24a49",
            "associate_with_private_ip": null,
            "association_id": "",
            "carrier_ip": "",
            "customer_owned_ip": "",
            "customer_owned_ipv4_pool": "",
            "domain": "vpc",
            "id": "eipalloc-0241cf22bcec24a49",
            "instance": "",
            "network_border_group": "us-east-1",
            "network_interface": "",
            "private_dns": null,
            "private_ip": "",
            "public_dns": "ec2-54-85-197-2.compute-1.amazonaws.com",
            "public_ip": "54.85.197.2",
            "public_ipv4_pool": "amazon",
            "tags": {
              "Name": "VPC-us-east-1a"
            },
            "tags_all": {
              "Name": "VPC-us-east-1a"
            },
            "timeouts": null,
            "vpc": true
          },
          "sensitive_attributes": [],
          "private": "eyJlMmJmYjczMC1lY2FhLTExZTYtOGY4OC0zNDM2M2JjN2M0YzAiOnsiZGVsZXRlIjoxODAwMDAwMDAwMDAsInJlYWQiOjkwMDAwMDAwMDAwMCwidXBkYXRlIjozMDAwMDAwMDAwMDB9fQ=="
        }
      ]
    },
    {
      "module": "module.vpc",
      "mode": "managed",
      "type": "aws_internet_gateway",
      "name": "this",
      "provider": "provider[\"registry.terraform.io/hashicorp/aws\"]",
      "instances": [
        {
          "index_key": 0,
          "schema_version": 0,
          "attributes": {
            "arn": "arn:aws:ec2:us-east-1:202496921663:internet-gateway/igw-0e710ed83aed1bcb5",
            "id": "igw-0e710ed83aed1bcb5",
            "owner_id": "202496921663",
            "tags": {
              "Name": "VPC"
            },
            "tags_all": {
              "Name": "VPC"
            },
            "vpc_id": "vpc-02b48695e9d7af916"
          },
          "sensitive_attributes": [],
          "private": "bnVsbA==",
          "dependencies": [
            "module.vpc.aws_vpc.this",
            "module.vpc.aws_vpc_ipv4_cidr_block_association.this"
          ]
        }
      ]
    },
    {
      "module": "module.vpc",
      "mode": "managed",
      "type": "aws_nat_gateway",
      "name": "this",
      "provider": "provider[\"registry.terraform.io/hashicorp/aws\"]",
      "instances": [
        {
          "index_key": 0,
          "schema_version": 0,
          "attributes": {
            "allocation_id": "eipalloc-0241cf22bcec24a49",
            "connectivity_type": "public",
            "id": "nat-037a26fcbba465d0c",
            "network_interface_id": "eni-0684732a8c82bcdad",
            "private_ip": "172.23.6.97",
            "public_ip": "54.85.197.2",
            "subnet_id": "subnet-04fbd1bed8436915b",
            "tags": {
              "Name": "caldera-test_natgateway"
            },
            "tags_all": {
              "Name": "caldera-test_natgateway"
            }
          },
          "sensitive_attributes": [],
          "private": "bnVsbA==",
          "dependencies": [
            "module.vpc.aws_eip.nat",
            "module.vpc.aws_internet_gateway.this",
            "module.vpc.aws_subnet.public",
            "module.vpc.aws_vpc.this",
            "module.vpc.aws_vpc_ipv4_cidr_block_association.this"
          ]
        }
      ]
    },
    {
      "module": "module.vpc",
      "mode": "managed",
      "type": "aws_route",
      "name": "private_nat_gateway",
      "provider": "provider[\"registry.terraform.io/hashicorp/aws\"]",
      "instances": [
        {
          "index_key": 0,
          "schema_version": 0,
          "attributes": {
            "carrier_gateway_id": "",
            "core_network_arn": "",
            "destination_cidr_block": "0.0.0.0/0",
            "destination_ipv6_cidr_block": "",
            "destination_prefix_list_id": "",
            "egress_only_gateway_id": "",
            "gateway_id": "",
            "id": "r-rtb-0ec62944c63d6f2511080289494",
            "instance_id": "",
            "instance_owner_id": "",
            "local_gateway_id": "",
            "nat_gateway_id": "nat-037a26fcbba465d0c",
            "network_interface_id": "",
            "origin": "CreateRoute",
            "route_table_id": "rtb-0ec62944c63d6f251",
            "state": "active",
            "timeouts": {
              "create": "5m",
              "delete": null,
              "update": null
            },
            "transit_gateway_id": "",
            "vpc_endpoint_id": "",
            "vpc_peering_connection_id": ""
          },
          "sensitive_attributes": [],
          "private": "eyJlMmJmYjczMC1lY2FhLTExZTYtOGY4OC0zNDM2M2JjN2M0YzAiOnsiY3JlYXRlIjozMDAwMDAwMDAwMDAsImRlbGV0ZSI6MzAwMDAwMDAwMDAwLCJ1cGRhdGUiOjEyMDAwMDAwMDAwMH19",
          "dependencies": [
            "module.vpc.aws_eip.nat",
            "module.vpc.aws_internet_gateway.this",
            "module.vpc.aws_nat_gateway.this",
            "module.vpc.aws_route_table.private",
            "module.vpc.aws_subnet.public",
            "module.vpc.aws_vpc.this",
            "module.vpc.aws_vpc_ipv4_cidr_block_association.this"
          ]
        }
      ]
    },
    {
      "module": "module.vpc",
      "mode": "managed",
      "type": "aws_route",
      "name": "public_internet_gateway",
      "provider": "provider[\"registry.terraform.io/hashicorp/aws\"]",
      "instances": [
        {
          "index_key": 0,
          "schema_version": 0,
          "attributes": {
            "carrier_gateway_id": "",
            "core_network_arn": "",
            "destination_cidr_block": "0.0.0.0/0",
            "destination_ipv6_cidr_block": "",
            "destination_prefix_list_id": "",
            "egress_only_gateway_id": "",
            "gateway_id": "igw-0e710ed83aed1bcb5",
            "id": "r-rtb-0668828a8c7e3e7751080289494",
            "instance_id": "",
            "instance_owner_id": "",
            "local_gateway_id": "",
            "nat_gateway_id": "",
            "network_interface_id": "",
            "origin": "CreateRoute",
            "route_table_id": "rtb-0668828a8c7e3e775",
            "state": "active",
            "timeouts": {
              "create": "5m",
              "delete": null,
              "update": null
            },
            "transit_gateway_id": "",
            "vpc_endpoint_id": "",
            "vpc_peering_connection_id": ""
          },
          "sensitive_attributes": [],
          "private": "eyJlMmJmYjczMC1lY2FhLTExZTYtOGY4OC0zNDM2M2JjN2M0YzAiOnsiY3JlYXRlIjozMDAwMDAwMDAwMDAsImRlbGV0ZSI6MzAwMDAwMDAwMDAwLCJ1cGRhdGUiOjEyMDAwMDAwMDAwMH19",
          "dependencies": [
            "module.vpc.aws_internet_gateway.this",
            "module.vpc.aws_route_table.public",
            "module.vpc.aws_vpc.this",
            "module.vpc.aws_vpc_ipv4_cidr_block_association.this"
          ]
        }
      ]
    },
    {
      "module": "module.vpc",
      "mode": "managed",
      "type": "aws_route_table",
      "name": "private",
      "provider": "provider[\"registry.terraform.io/hashicorp/aws\"]",
      "instances": [
        {
          "index_key": 0,
          "schema_version": 0,
          "attributes": {
            "arn": "arn:aws:ec2:us-east-1:202496921663:route-table/rtb-0ec62944c63d6f251",
            "id": "rtb-0ec62944c63d6f251",
            "owner_id": "202496921663",
            "propagating_vgws": [],
            "route": [],
            "tags": {
              "Name": "VPC-private"
            },
            "tags_all": {
              "Name": "VPC-private"
            },
            "timeouts": null,
            "vpc_id": "vpc-02b48695e9d7af916"
          },
          "sensitive_attributes": [],
          "private": "eyJlMmJmYjczMC1lY2FhLTExZTYtOGY4OC0zNDM2M2JjN2M0YzAiOnsiY3JlYXRlIjozMDAwMDAwMDAwMDAsImRlbGV0ZSI6MzAwMDAwMDAwMDAwLCJ1cGRhdGUiOjEyMDAwMDAwMDAwMH19",
          "dependencies": [
            "module.vpc.aws_vpc.this",
            "module.vpc.aws_vpc_ipv4_cidr_block_association.this"
          ]
        }
      ]
    },
    {
      "module": "module.vpc",
      "mode": "managed",
      "type": "aws_route_table",
      "name": "public",
      "provider": "provider[\"registry.terraform.io/hashicorp/aws\"]",
      "instances": [
        {
          "index_key": 0,
          "schema_version": 0,
          "attributes": {
            "arn": "arn:aws:ec2:us-east-1:202496921663:route-table/rtb-0668828a8c7e3e775",
            "id": "rtb-0668828a8c7e3e775",
            "owner_id": "202496921663",
            "propagating_vgws": [],
            "route": [],
            "tags": {
              "Name": "VPC-public"
            },
            "tags_all": {
              "Name": "VPC-public"
            },
            "timeouts": null,
            "vpc_id": "vpc-02b48695e9d7af916"
          },
          "sensitive_attributes": [],
          "private": "eyJlMmJmYjczMC1lY2FhLTExZTYtOGY4OC0zNDM2M2JjN2M0YzAiOnsiY3JlYXRlIjozMDAwMDAwMDAwMDAsImRlbGV0ZSI6MzAwMDAwMDAwMDAwLCJ1cGRhdGUiOjEyMDAwMDAwMDAwMH19",
          "dependencies": [
            "module.vpc.aws_vpc.this",
            "module.vpc.aws_vpc_ipv4_cidr_block_association.this"
          ]
        }
      ]
    },
    {
      "module": "module.vpc",
      "mode": "managed",
      "type": "aws_route_table_association",
      "name": "private",
      "provider": "provider[\"registry.terraform.io/hashicorp/aws\"]",
      "instances": [
        {
          "index_key": 0,
          "schema_version": 0,
          "attributes": {
            "gateway_id": "",
            "id": "rtbassoc-0e6fb717c5639f878",
            "route_table_id": "rtb-0ec62944c63d6f251",
            "subnet_id": "subnet-009959b3bdb6fb386"
          },
          "sensitive_attributes": [],
          "private": "bnVsbA==",
          "dependencies": [
            "module.vpc.aws_route_table.private",
            "module.vpc.aws_subnet.private",
            "module.vpc.aws_vpc.this",
            "module.vpc.aws_vpc_ipv4_cidr_block_association.this"
          ]
        },
        {
          "index_key": 1,
          "schema_version": 0,
          "attributes": {
            "gateway_id": "",
            "id": "rtbassoc-086935adcc77c455b",
            "route_table_id": "rtb-0ec62944c63d6f251",
            "subnet_id": "subnet-00652e7da03ef9eeb"
          },
          "sensitive_attributes": [],
          "private": "bnVsbA==",
          "dependencies": [
            "module.vpc.aws_route_table.private",
            "module.vpc.aws_subnet.private",
            "module.vpc.aws_vpc.this",
            "module.vpc.aws_vpc_ipv4_cidr_block_association.this"
          ]
        },
        {
          "index_key": 2,
          "schema_version": 0,
          "attributes": {
            "gateway_id": "",
            "id": "rtbassoc-023bd6a755950ef4f",
            "route_table_id": "rtb-0ec62944c63d6f251",
            "subnet_id": "subnet-07ec7515f25d884ea"
          },
          "sensitive_attributes": [],
          "private": "bnVsbA==",
          "dependencies": [
            "module.vpc.aws_route_table.private",
            "module.vpc.aws_subnet.private",
            "module.vpc.aws_vpc.this",
            "module.vpc.aws_vpc_ipv4_cidr_block_association.this"
          ]
        },
        {
          "index_key": 3,
          "schema_version": 0,
          "attributes": {
            "gateway_id": "",
            "id": "rtbassoc-0f96e7ddd67c37feb",
            "route_table_id": "rtb-0ec62944c63d6f251",
            "subnet_id": "subnet-01d73b1138bfa3498"
          },
          "sensitive_attributes": [],
          "private": "bnVsbA==",
          "dependencies": [
            "module.vpc.aws_route_table.private",
            "module.vpc.aws_subnet.private",
            "module.vpc.aws_vpc.this",
            "module.vpc.aws_vpc_ipv4_cidr_block_association.this"
          ]
        },
        {
          "index_key": 4,
          "schema_version": 0,
          "attributes": {
            "gateway_id": "",
            "id": "rtbassoc-0ea545d00d7084f33",
            "route_table_id": "rtb-0ec62944c63d6f251",
            "subnet_id": "subnet-0b04840f310d8f0ef"
          },
          "sensitive_attributes": [],
          "private": "bnVsbA==",
          "dependencies": [
            "module.vpc.aws_route_table.private",
            "module.vpc.aws_subnet.private",
            "module.vpc.aws_vpc.this",
            "module.vpc.aws_vpc_ipv4_cidr_block_association.this"
          ]
        }
      ]
    },
    {
      "module": "module.vpc",
      "mode": "managed",
      "type": "aws_route_table_association",
      "name": "public",
      "provider": "provider[\"registry.terraform.io/hashicorp/aws\"]",
      "instances": [
        {
          "index_key": 0,
          "schema_version": 0,
          "attributes": {
            "gateway_id": "",
            "id": "rtbassoc-0fcb1ba382b2e5537",
            "route_table_id": "rtb-0668828a8c7e3e775",
            "subnet_id": "subnet-04fbd1bed8436915b"
          },
          "sensitive_attributes": [],
          "private": "bnVsbA==",
          "dependencies": [
            "module.vpc.aws_route_table.public",
            "module.vpc.aws_subnet.public",
            "module.vpc.aws_vpc.this",
            "module.vpc.aws_vpc_ipv4_cidr_block_association.this"
          ]
        },
        {
          "index_key": 1,
          "schema_version": 0,
          "attributes": {
            "gateway_id": "",
            "id": "rtbassoc-015c46140b366ae07",
            "route_table_id": "rtb-0668828a8c7e3e775",
            "subnet_id": "subnet-087f275aba778f142"
          },
          "sensitive_attributes": [],
          "private": "bnVsbA==",
          "dependencies": [
            "module.vpc.aws_route_table.public",
            "module.vpc.aws_subnet.public",
            "module.vpc.aws_vpc.this",
            "module.vpc.aws_vpc_ipv4_cidr_block_association.this"
          ]
        },
        {
          "index_key": 2,
          "schema_version": 0,
          "attributes": {
            "gateway_id": "",
            "id": "rtbassoc-0c738ef836e265d81",
            "route_table_id": "rtb-0668828a8c7e3e775",
            "subnet_id": "subnet-043be3b3156bf5fda"
          },
          "sensitive_attributes": [],
          "private": "bnVsbA==",
          "dependencies": [
            "module.vpc.aws_route_table.public",
            "module.vpc.aws_subnet.public",
            "module.vpc.aws_vpc.this",
            "module.vpc.aws_vpc_ipv4_cidr_block_association.this"
          ]
        },
        {
          "index_key": 3,
          "schema_version": 0,
          "attributes": {
            "gateway_id": "",
            "id": "rtbassoc-0bd7f8044067a2dc1",
            "route_table_id": "rtb-0668828a8c7e3e775",
            "subnet_id": "subnet-036c76e19acb268db"
          },
          "sensitive_attributes": [],
          "private": "bnVsbA==",
          "dependencies": [
            "module.vpc.aws_route_table.public",
            "module.vpc.aws_subnet.public",
            "module.vpc.aws_vpc.this",
            "module.vpc.aws_vpc_ipv4_cidr_block_association.this"
          ]
        },
        {
          "index_key": 4,
          "schema_version": 0,
          "attributes": {
            "gateway_id": "",
            "id": "rtbassoc-040e77da0f673c27b",
            "route_table_id": "rtb-0668828a8c7e3e775",
            "subnet_id": "subnet-0126b2f312a4355e6"
          },
          "sensitive_attributes": [],
          "private": "bnVsbA==",
          "dependencies": [
            "module.vpc.aws_route_table.public",
            "module.vpc.aws_subnet.public",
            "module.vpc.aws_vpc.this",
            "module.vpc.aws_vpc_ipv4_cidr_block_association.this"
          ]
        }
      ]
    },
    {
      "module": "module.vpc",
      "mode": "managed",
      "type": "aws_subnet",
      "name": "private",
      "provider": "provider[\"registry.terraform.io/hashicorp/aws\"]",
      "instances": [
        {
          "index_key": 0,
          "schema_version": 1,
          "attributes": {
            "arn": "arn:aws:ec2:us-east-1:202496921663:subnet/subnet-009959b3bdb6fb386",
            "assign_ipv6_address_on_creation": false,
            "availability_zone": "us-east-1a",
            "availability_zone_id": "use1-az2",
            "cidr_block": "172.23.0.0/22",
            "customer_owned_ipv4_pool": "",
            "enable_dns64": false,
            "enable_resource_name_dns_a_record_on_launch": false,
            "enable_resource_name_dns_aaaa_record_on_launch": false,
            "id": "subnet-009959b3bdb6fb386",
            "ipv6_cidr_block": "",
            "ipv6_cidr_block_association_id": "",
            "ipv6_native": false,
            "map_customer_owned_ip_on_launch": false,
            "map_public_ip_on_launch": false,
            "outpost_arn": "",
            "owner_id": "202496921663",
            "private_dns_hostname_type_on_launch": "ip-name",
            "tags": {
              "Name": "caldera-test_private"
            },
            "tags_all": {
              "Name": "caldera-test_private"
            },
            "timeouts": null,
            "vpc_id": "vpc-02b48695e9d7af916"
          },
          "sensitive_attributes": [],
          "private": "eyJlMmJmYjczMC1lY2FhLTExZTYtOGY4OC0zNDM2M2JjN2M0YzAiOnsiY3JlYXRlIjo2MDAwMDAwMDAwMDAsImRlbGV0ZSI6MTIwMDAwMDAwMDAwMH0sInNjaGVtYV92ZXJzaW9uIjoiMSJ9",
          "dependencies": [
            "module.vpc.aws_vpc.this",
            "module.vpc.aws_vpc_ipv4_cidr_block_association.this"
          ]
        },
        {
          "index_key": 1,
          "schema_version": 1,
          "attributes": {
            "arn": "arn:aws:ec2:us-east-1:202496921663:subnet/subnet-00652e7da03ef9eeb",
            "assign_ipv6_address_on_creation": false,
            "availability_zone": "us-east-1b",
            "availability_zone_id": "use1-az4",
            "cidr_block": "172.23.32.0/22",
            "customer_owned_ipv4_pool": "",
            "enable_dns64": false,
            "enable_resource_name_dns_a_record_on_launch": false,
            "enable_resource_name_dns_aaaa_record_on_launch": false,
            "id": "subnet-00652e7da03ef9eeb",
            "ipv6_cidr_block": "",
            "ipv6_cidr_block_association_id": "",
            "ipv6_native": false,
            "map_customer_owned_ip_on_launch": false,
            "map_public_ip_on_launch": false,
            "outpost_arn": "",
            "owner_id": "202496921663",
            "private_dns_hostname_type_on_launch": "ip-name",
            "tags": {
              "Name": "caldera-test_private"
            },
            "tags_all": {
              "Name": "caldera-test_private"
            },
            "timeouts": null,
            "vpc_id": "vpc-02b48695e9d7af916"
          },
          "sensitive_attributes": [],
          "private": "eyJlMmJmYjczMC1lY2FhLTExZTYtOGY4OC0zNDM2M2JjN2M0YzAiOnsiY3JlYXRlIjo2MDAwMDAwMDAwMDAsImRlbGV0ZSI6MTIwMDAwMDAwMDAwMH0sInNjaGVtYV92ZXJzaW9uIjoiMSJ9",
          "dependencies": [
            "module.vpc.aws_vpc.this",
            "module.vpc.aws_vpc_ipv4_cidr_block_association.this"
          ]
        },
        {
          "index_key": 2,
          "schema_version": 1,
          "attributes": {
            "arn": "arn:aws:ec2:us-east-1:202496921663:subnet/subnet-07ec7515f25d884ea",
            "assign_ipv6_address_on_creation": false,
            "availability_zone": "us-east-1c",
            "availability_zone_id": "use1-az6",
            "cidr_block": "172.23.64.0/22",
            "customer_owned_ipv4_pool": "",
            "enable_dns64": false,
            "enable_resource_name_dns_a_record_on_launch": false,
            "enable_resource_name_dns_aaaa_record_on_launch": false,
            "id": "subnet-07ec7515f25d884ea",
            "ipv6_cidr_block": "",
            "ipv6_cidr_block_association_id": "",
            "ipv6_native": false,
            "map_customer_owned_ip_on_launch": false,
            "map_public_ip_on_launch": false,
            "outpost_arn": "",
            "owner_id": "202496921663",
            "private_dns_hostname_type_on_launch": "ip-name",
            "tags": {
              "Name": "caldera-test_private"
            },
            "tags_all": {
              "Name": "caldera-test_private"
            },
            "timeouts": null,
            "vpc_id": "vpc-02b48695e9d7af916"
          },
          "sensitive_attributes": [],
          "private": "eyJlMmJmYjczMC1lY2FhLTExZTYtOGY4OC0zNDM2M2JjN2M0YzAiOnsiY3JlYXRlIjo2MDAwMDAwMDAwMDAsImRlbGV0ZSI6MTIwMDAwMDAwMDAwMH0sInNjaGVtYV92ZXJzaW9uIjoiMSJ9",
          "dependencies": [
            "module.vpc.aws_vpc.this",
            "module.vpc.aws_vpc_ipv4_cidr_block_association.this"
          ]
        },
        {
          "index_key": 3,
          "schema_version": 1,
          "attributes": {
            "arn": "arn:aws:ec2:us-east-1:202496921663:subnet/subnet-01d73b1138bfa3498",
            "assign_ipv6_address_on_creation": false,
            "availability_zone": "us-east-1d",
            "availability_zone_id": "use1-az1",
            "cidr_block": "172.23.96.0/22",
            "customer_owned_ipv4_pool": "",
            "enable_dns64": false,
            "enable_resource_name_dns_a_record_on_launch": false,
            "enable_resource_name_dns_aaaa_record_on_launch": false,
            "id": "subnet-01d73b1138bfa3498",
            "ipv6_cidr_block": "",
            "ipv6_cidr_block_association_id": "",
            "ipv6_native": false,
            "map_customer_owned_ip_on_launch": false,
            "map_public_ip_on_launch": false,
            "outpost_arn": "",
            "owner_id": "202496921663",
            "private_dns_hostname_type_on_launch": "ip-name",
            "tags": {
              "Name": "caldera-test_private"
            },
            "tags_all": {
              "Name": "caldera-test_private"
            },
            "timeouts": null,
            "vpc_id": "vpc-02b48695e9d7af916"
          },
          "sensitive_attributes": [],
          "private": "eyJlMmJmYjczMC1lY2FhLTExZTYtOGY4OC0zNDM2M2JjN2M0YzAiOnsiY3JlYXRlIjo2MDAwMDAwMDAwMDAsImRlbGV0ZSI6MTIwMDAwMDAwMDAwMH0sInNjaGVtYV92ZXJzaW9uIjoiMSJ9",
          "dependencies": [
            "module.vpc.aws_vpc.this",
            "module.vpc.aws_vpc_ipv4_cidr_block_association.this"
          ]
        },
        {
          "index_key": 4,
          "schema_version": 1,
          "attributes": {
            "arn": "arn:aws:ec2:us-east-1:202496921663:subnet/subnet-0b04840f310d8f0ef",
            "assign_ipv6_address_on_creation": false,
            "availability_zone": "us-east-1f",
            "availability_zone_id": "use1-az5",
            "cidr_block": "172.23.160.0/22",
            "customer_owned_ipv4_pool": "",
            "enable_dns64": false,
            "enable_resource_name_dns_a_record_on_launch": false,
            "enable_resource_name_dns_aaaa_record_on_launch": false,
            "id": "subnet-0b04840f310d8f0ef",
            "ipv6_cidr_block": "",
            "ipv6_cidr_block_association_id": "",
            "ipv6_native": false,
            "map_customer_owned_ip_on_launch": false,
            "map_public_ip_on_launch": false,
            "outpost_arn": "",
            "owner_id": "202496921663",
            "private_dns_hostname_type_on_launch": "ip-name",
            "tags": {
              "Name": "caldera-test_private"
            },
            "tags_all": {
              "Name": "caldera-test_private"
            },
            "timeouts": null,
            "vpc_id": "vpc-02b48695e9d7af916"
          },
          "sensitive_attributes": [],
          "private": "eyJlMmJmYjczMC1lY2FhLTExZTYtOGY4OC0zNDM2M2JjN2M0YzAiOnsiY3JlYXRlIjo2MDAwMDAwMDAwMDAsImRlbGV0ZSI6MTIwMDAwMDAwMDAwMH0sInNjaGVtYV92ZXJzaW9uIjoiMSJ9",
          "dependencies": [
            "module.vpc.aws_vpc.this",
            "module.vpc.aws_vpc_ipv4_cidr_block_association.this"
          ]
        }
      ]
    },
    {
      "module": "module.vpc",
      "mode": "managed",
      "type": "aws_subnet",
      "name": "public",
      "provider": "provider[\"registry.terraform.io/hashicorp/aws\"]",
      "instances": [
        {
          "index_key": 0,
          "schema_version": 1,
          "attributes": {
            "arn": "arn:aws:ec2:us-east-1:202496921663:subnet/subnet-04fbd1bed8436915b",
            "assign_ipv6_address_on_creation": false,
            "availability_zone": "us-east-1a",
            "availability_zone_id": "use1-az2",
            "cidr_block": "172.23.4.0/22",
            "customer_owned_ipv4_pool": "",
            "enable_dns64": false,
            "enable_resource_name_dns_a_record_on_launch": false,
            "enable_resource_name_dns_aaaa_record_on_launch": false,
            "id": "subnet-04fbd1bed8436915b",
            "ipv6_cidr_block": "",
            "ipv6_cidr_block_association_id": "",
            "ipv6_native": false,
            "map_customer_owned_ip_on_launch": false,
            "map_public_ip_on_launch": true,
            "outpost_arn": "",
            "owner_id": "202496921663",
            "private_dns_hostname_type_on_launch": "ip-name",
            "tags": {
              "Name": "caldera-test_public"
            },
            "tags_all": {
              "Name": "caldera-test_public"
            },
            "timeouts": null,
            "vpc_id": "vpc-02b48695e9d7af916"
          },
          "sensitive_attributes": [],
          "private": "eyJlMmJmYjczMC1lY2FhLTExZTYtOGY4OC0zNDM2M2JjN2M0YzAiOnsiY3JlYXRlIjo2MDAwMDAwMDAwMDAsImRlbGV0ZSI6MTIwMDAwMDAwMDAwMH0sInNjaGVtYV92ZXJzaW9uIjoiMSJ9",
          "dependencies": [
            "module.vpc.aws_vpc.this",
            "module.vpc.aws_vpc_ipv4_cidr_block_association.this"
          ]
        },
        {
          "index_key": 1,
          "schema_version": 1,
          "attributes": {
            "arn": "arn:aws:ec2:us-east-1:202496921663:subnet/subnet-087f275aba778f142",
            "assign_ipv6_address_on_creation": false,
            "availability_zone": "us-east-1b",
            "availability_zone_id": "use1-az4",
            "cidr_block": "172.23.36.0/22",
            "customer_owned_ipv4_pool": "",
            "enable_dns64": false,
            "enable_resource_name_dns_a_record_on_launch": false,
            "enable_resource_name_dns_aaaa_record_on_launch": false,
            "id": "subnet-087f275aba778f142",
            "ipv6_cidr_block": "",
            "ipv6_cidr_block_association_id": "",
            "ipv6_native": false,
            "map_customer_owned_ip_on_launch": false,
            "map_public_ip_on_launch": true,
            "outpost_arn": "",
            "owner_id": "202496921663",
            "private_dns_hostname_type_on_launch": "ip-name",
            "tags": {
              "Name": "caldera-test_public"
            },
            "tags_all": {
              "Name": "caldera-test_public"
            },
            "timeouts": null,
            "vpc_id": "vpc-02b48695e9d7af916"
          },
          "sensitive_attributes": [],
          "private": "eyJlMmJmYjczMC1lY2FhLTExZTYtOGY4OC0zNDM2M2JjN2M0YzAiOnsiY3JlYXRlIjo2MDAwMDAwMDAwMDAsImRlbGV0ZSI6MTIwMDAwMDAwMDAwMH0sInNjaGVtYV92ZXJzaW9uIjoiMSJ9",
          "dependencies": [
            "module.vpc.aws_vpc.this",
            "module.vpc.aws_vpc_ipv4_cidr_block_association.this"
          ]
        },
        {
          "index_key": 2,
          "schema_version": 1,
          "attributes": {
            "arn": "arn:aws:ec2:us-east-1:202496921663:subnet/subnet-043be3b3156bf5fda",
            "assign_ipv6_address_on_creation": false,
            "availability_zone": "us-east-1c",
            "availability_zone_id": "use1-az6",
            "cidr_block": "172.23.68.0/22",
            "customer_owned_ipv4_pool": "",
            "enable_dns64": false,
            "enable_resource_name_dns_a_record_on_launch": false,
            "enable_resource_name_dns_aaaa_record_on_launch": false,
            "id": "subnet-043be3b3156bf5fda",
            "ipv6_cidr_block": "",
            "ipv6_cidr_block_association_id": "",
            "ipv6_native": false,
            "map_customer_owned_ip_on_launch": false,
            "map_public_ip_on_launch": true,
            "outpost_arn": "",
            "owner_id": "202496921663",
            "private_dns_hostname_type_on_launch": "ip-name",
            "tags": {
              "Name": "caldera-test_public"
            },
            "tags_all": {
              "Name": "caldera-test_public"
            },
            "timeouts": null,
            "vpc_id": "vpc-02b48695e9d7af916"
          },
          "sensitive_attributes": [],
          "private": "eyJlMmJmYjczMC1lY2FhLTExZTYtOGY4OC0zNDM2M2JjN2M0YzAiOnsiY3JlYXRlIjo2MDAwMDAwMDAwMDAsImRlbGV0ZSI6MTIwMDAwMDAwMDAwMH0sInNjaGVtYV92ZXJzaW9uIjoiMSJ9",
          "dependencies": [
            "module.vpc.aws_vpc.this",
            "module.vpc.aws_vpc_ipv4_cidr_block_association.this"
          ]
        },
        {
          "index_key": 3,
          "schema_version": 1,
          "attributes": {
            "arn": "arn:aws:ec2:us-east-1:202496921663:subnet/subnet-036c76e19acb268db",
            "assign_ipv6_address_on_creation": false,
            "availability_zone": "us-east-1d",
            "availability_zone_id": "use1-az1",
            "cidr_block": "172.23.100.0/22",
            "customer_owned_ipv4_pool": "",
            "enable_dns64": false,
            "enable_resource_name_dns_a_record_on_launch": false,
            "enable_resource_name_dns_aaaa_record_on_launch": false,
            "id": "subnet-036c76e19acb268db",
            "ipv6_cidr_block": "",
            "ipv6_cidr_block_association_id": "",
            "ipv6_native": false,
            "map_customer_owned_ip_on_launch": false,
            "map_public_ip_on_launch": true,
            "outpost_arn": "",
            "owner_id": "202496921663",
            "private_dns_hostname_type_on_launch": "ip-name",
            "tags": {
              "Name": "caldera-test_public"
            },
            "tags_all": {
              "Name": "caldera-test_public"
            },
            "timeouts": null,
            "vpc_id": "vpc-02b48695e9d7af916"
          },
          "sensitive_attributes": [],
          "private": "eyJlMmJmYjczMC1lY2FhLTExZTYtOGY4OC0zNDM2M2JjN2M0YzAiOnsiY3JlYXRlIjo2MDAwMDAwMDAwMDAsImRlbGV0ZSI6MTIwMDAwMDAwMDAwMH0sInNjaGVtYV92ZXJzaW9uIjoiMSJ9",
          "dependencies": [
            "module.vpc.aws_vpc.this",
            "module.vpc.aws_vpc_ipv4_cidr_block_association.this"
          ]
        },
        {
          "index_key": 4,
          "schema_version": 1,
          "attributes": {
            "arn": "arn:aws:ec2:us-east-1:202496921663:subnet/subnet-0126b2f312a4355e6",
            "assign_ipv6_address_on_creation": false,
            "availability_zone": "us-east-1f",
            "availability_zone_id": "use1-az5",
            "cidr_block": "172.23.164.0/22",
            "customer_owned_ipv4_pool": "",
            "enable_dns64": false,
            "enable_resource_name_dns_a_record_on_launch": false,
            "enable_resource_name_dns_aaaa_record_on_launch": false,
            "id": "subnet-0126b2f312a4355e6",
            "ipv6_cidr_block": "",
            "ipv6_cidr_block_association_id": "",
            "ipv6_native": false,
            "map_customer_owned_ip_on_launch": false,
            "map_public_ip_on_launch": true,
            "outpost_arn": "",
            "owner_id": "202496921663",
            "private_dns_hostname_type_on_launch": "ip-name",
            "tags": {
              "Name": "caldera-test_public"
            },
            "tags_all": {
              "Name": "caldera-test_public"
            },
            "timeouts": null,
            "vpc_id": "vpc-02b48695e9d7af916"
          },
          "sensitive_attributes": [],
          "private": "eyJlMmJmYjczMC1lY2FhLTExZTYtOGY4OC0zNDM2M2JjN2M0YzAiOnsiY3JlYXRlIjo2MDAwMDAwMDAwMDAsImRlbGV0ZSI6MTIwMDAwMDAwMDAwMH0sInNjaGVtYV92ZXJzaW9uIjoiMSJ9",
          "dependencies": [
            "module.vpc.aws_vpc.this",
            "module.vpc.aws_vpc_ipv4_cidr_block_association.this"
          ]
        }
      ]
    },
    {
      "module": "module.vpc",
      "mode": "managed",
      "type": "aws_vpc",
      "name": "this",
      "provider": "provider[\"registry.terraform.io/hashicorp/aws\"]",
      "instances": [
        {
          "index_key": 0,
          "schema_version": 1,
          "attributes": {
            "arn": "arn:aws:ec2:us-east-1:202496921663:vpc/vpc-02b48695e9d7af916",
            "assign_generated_ipv6_cidr_block": false,
            "cidr_block": "172.23.0.0/16",
            "default_network_acl_id": "acl-029169957b6d28fed",
            "default_route_table_id": "rtb-0f6b34437daa532a2",
            "default_security_group_id": "sg-08eb03698b5cdab4e",
            "dhcp_options_id": "dopt-0b72f9281d38f4c68",
            "enable_classiclink": false,
            "enable_classiclink_dns_support": false,
            "enable_dns_hostnames": true,
            "enable_dns_support": true,
            "id": "vpc-02b48695e9d7af916",
            "instance_tenancy": "default",
            "ipv4_ipam_pool_id": null,
            "ipv4_netmask_length": null,
            "ipv6_association_id": "",
            "ipv6_cidr_block": "",
            "ipv6_cidr_block_network_border_group": "",
            "ipv6_ipam_pool_id": "",
            "ipv6_netmask_length": 0,
            "main_route_table_id": "rtb-0f6b34437daa532a2",
            "owner_id": "202496921663",
            "tags": {
              "Name": "VPC"
            },
            "tags_all": {
              "Name": "VPC"
            }
          },
          "sensitive_attributes": [],
          "private": "eyJzY2hlbWFfdmVyc2lvbiI6IjEifQ=="
        }
      ]
    }
  ]
}
