{
  "version": 4,
  "terraform_version": "1.2.4",
  "serial": 33,
  "lineage": "6e33a2de-45af-5df6-8324-2dcb26177c9d",
  "outputs": {
    "caldera_server_ip": {
      "value": "54.92.143.156",
      "type": "string"
    },
    "rsa_private_key": {
      "value": "-----BEGIN RSA PRIVATE KEY-----\nMIIJKQIBAAKCAgEAz5wvry2IDIdsylZPRL63XL1yeDjXGW3s7nGQ+3bXKNGjCEws\nbUv6IWYI3Yr/dA1UKcNivUgNDk15v4PKFZVA0kGsvzkp8n9ybuzIxjlGTOrVsH+J\nwezvoGd3j/o38ddE60tN9Ff2YTnEp2xERwC043zcXQxWO72YZuZpjelr2FNUaKmO\njjU0tX3ZF2aYyeMZeXktYFk/Ga7hoebYaQtcvfsLUZH+5XnAKB+OR5JIMQrqH4BV\nYqJnLw9vw8XkloH0rw8vHEvGAJsIbCj/+sEnEAWcRAP3YnYW37gSR68mPlKhozR8\n5qpz3ehlOGwSNmq2MQEyWvYQzu5J7LneWykC8e+EqHT/KghifvpcM6N9hDKSQKuU\n68V7XoH2ixpE+or5+qpA1Dkn/dmZ0o7por9TJapWyX7WaQu+YpV2vE56A2xjhIXf\nidflYlU9TAV2Kfol+9JJjJPkSC3Z0yuh/acLQ/r1ZfsR+5QsWqz0uxHcpDWD3CdO\nomDbsqXc5hVZ275M3+D3KUoTmQ+t7r/wkSYRmHNCx4yK8wwP6T16SnNbF5NYlsxL\n5EHNHOFQUjVuo8csgsWuIbUj0ShcvVDFXpCU8bpnWKSSg08Vmv8ukLh9hD3nTStN\np3SciDxe0822+83GSW5ZAMph3ZUmnB8gmjjW43sKkB1EdVjQ7Sbspl7Q97cCAwEA\nAQKCAgEAuQ7t6mbZqOFmdg3tZsfhxocQbF2uTvqPghQ1OhG6xKXpf1H3IA3jjrXX\nHTPzdU0UQo3pi/OXv7IL3kzpa8e5GjJ0e5fG7mPwazQh25/eLF3/0O4+q2A6UW8p\nQmu2Rpqu0lYzzKRD+HJ3+w0k522X0FfSThbbHzFnkgG9AUSaXyAYU5sgeV6v9z+Q\nra1EcGFAqej8K7Ah8RDUC28sZKY+KxKGClXrMj4OrTVDrESWmTCzdRT+B4fgFjDa\nXVYe5pI8u3b7dWuNuah4H4GEe86EtWFq463tbBT7WrxHfyJ/InqhnksBMtOpqJqo\n71xV96+za4c3jaFdZjc+KgecTwIFnmtFgEfmhEV4M4W1va3Zkcfm1TGLU0xKdUtx\nsiJXvEf3La9VDbAgVro9K5stA4lzOkwShqvdzlgxk88ZAvf2dAb5jVcOrjsUlrnh\nehHX8OQUeXzF7/ciqynVslmJKbg1kV2Oq86qjgb3yXA3a1H4Z4ox/M/PBMZPU1nR\n6GDAQkK8V2YcVUsOsPAHBNotl838/Gr9Fx4wAiuFZowGzHuWxgW45JNBKxvt/LYe\nADwoC40AxDqULxKoBq4BxY26mKcgkl9y8zyRtRlYkOlgYbGzeOf7wKpCxqz7/ylR\nEObGS+1ttccgbNRdFUDHdJHPs1tmiGRMfkxkUl3vwHgejxv/YUECggEBANmc09mF\ndw777MhsJrkZzq1aigbzMyo2W1C6rpvyG/XkkN8XwdtN8/Y/x70LHukHgJHXjU/0\nVJRoJOzv0mhwo75+McubG2elq0YO287fCAGsmF4s72fY2Odsg/+PpOIwILcQjMix\nLhdPHcks8g2XFEKbzTCCh11p6ylMxYl4JCFHTE/7oqLhlAFHaD8VATr51kpmFf3A\n0jp1FvhDWP/TXGKm9KUYNmSTTUTqXb13CuJNfWESxHlNGsqPoOpGAA+54CEpgT/D\n3uCnWPh34GXMjZp15BqO7nYFwjLxD/zBITWclov2u+IhCt7J9Q/o0MynE1QdF+wx\np184sFDR8Rr8LCcCggEBAPQ7p8epf+CxErVLFtR21ausWHe88tAPCwB5F2YibP8r\nqut2ff9PTYeEwIE3XZZNl3qVtms3HsXrRWTzILCBjTIHsiJqM05TtSNJPXqeqHpk\nWNWZ2HVq6bh7wJHR6fsMr1VRRGE7LIo9UgeP0VG7nwegrTTinCj/4xboYA8twMAT\nq0WpiZVFr+ggXwFwRKj6s91tycJu8QvEcXzEMnbNdnCeGKFD3Y4qeqypcr7nueVw\ngUxqT64l9FSqrW1t9hpOf5VPLuQfsnekwQOhs7kmqH9Lr3zLla8FyHnyByCxnqoa\n8WWzR2bSE9mit90yu77Ku+KUKos2ezGiRWiUYRAOwfECggEAWZUg9QPnbkixQhSb\noEmKdny2I4RMhM0ZrFMdfF8fuYsdRGnASSp/CtlYvW7ti5qmB+PHbam0g9+Xi95y\nLMJp9gp3L00r6/AcYNvPCwtvfVjy5Jn0+Dghmqtmb3dPtjl/zjzG5/tgcQIFzgJt\npsCR+5Wt05F4bjEjOL4894l4viZeuPJrEkhwqFIgDQ/1kLS2zavW075kDOKU0SDQ\na4g0GPyH68ra4W5uObeNXWi7F0w1GBgkv5bJN6gG40przg2DwcMXTQuyHaNmkeqv\netjJVlO/0lsSuY1HU7c/EJrks/BBXV72G3HkyrAy7Ri3k/gXkeHkLjyGnUF1+99h\nNO2oswKCAQA09ZadKfkLvPnkjALIUXhlwHpyhGtWiFyHXrqfMAnYjxyB8HDD4utZ\n3oRrwJivleWp9DrZJtuqaSjkCgBlpcH7PkX3RnYXnvkhTKljJHI+D/JfZvvUAjnq\nAhOwywbkpEyEwJmGR/GRjFh0QVBPW9LRMZs9Y4IfNdWFSyBBSleIjvtNoMSvtKu/\nNv3C7xhEWBCWjE76tVnZhmBhgJ28uzLamr2WgoPRZw6w0BGMqezafrna2xaqGZrQ\nnS38E6MQ80KhGsl9OA5X+UbNRcwV8vcIm13TPsYXbLabEstO4JUaJ7t+pRBvkFAz\nmiAqe+zQI1/4cs6C3255RcmtMreVZs3RAoIBAQC9NHixVtTKIYlCVF9u8h8VleyG\nWKTaE1sKeFjXKSbX3TNcrxVuzwZ4BqcVxOxInnIvzqkwy5oL731akkiSxDCyPwMS\njS2ETmp9jG8nqVriz1Qiyc4NpqH8LrsYDEUmwX0C+Kk3fjGU5ZnLUCyxG0IMw4lQ\nqB2hwDTjpNksB3+csZQi4FY5US5WRTi6hmyP3OOdVvGlWHCcgOYFiNW9SYLhZ0Zx\nT1fq22Bboecxt+3YgdUmS+aBwBzgBUzLbsq8z2SAme/i5R9xfk8Bzn1edMMpZQ1T\nYS+dprJzOTpFZHG8B1pYtlmgGzV9FBfbwR9GxGgdrZ7/BBHSj6kq4ANDcMXR\n-----END RSA PRIVATE KEY-----\n",
      "type": "string"
    }
  },
  "resources": [
    {
      "mode": "managed",
      "type": "aws_instance",
      "name": "caldera_server",
      "provider": "provider[\"registry.terraform.io/hashicorp/aws\"]",
      "instances": [
        {
          "schema_version": 1,
          "attributes": {
            "ami": "ami-09d56f8956ab235b3",
            "arn": "arn:aws:ec2:us-east-1:506189848464:instance/i-0d7c010236571e2d3",
            "associate_public_ip_address": true,
            "availability_zone": "us-east-1a",
            "capacity_reservation_specification": [
              {
                "capacity_reservation_preference": "open",
                "capacity_reservation_target": []
              }
            ],
            "cpu_core_count": 1,
            "cpu_threads_per_core": 2,
            "credit_specification": [
              {
                "cpu_credits": "unlimited"
              }
            ],
            "disable_api_stop": false,
            "disable_api_termination": false,
            "ebs_block_device": [],
            "ebs_optimized": false,
            "enclave_options": [
              {
                "enabled": false
              }
            ],
            "ephemeral_block_device": [],
            "get_password_data": false,
            "hibernation": false,
            "host_id": null,
            "iam_instance_profile": "",
            "id": "i-0d7c010236571e2d3",
            "instance_initiated_shutdown_behavior": "stop",
            "instance_state": "running",
            "instance_type": "t3.medium",
            "ipv6_address_count": 0,
            "ipv6_addresses": [],
            "key_name": "caldera-nodes",
            "launch_template": [],
            "maintenance_options": [
              {
                "auto_recovery": "default"
              }
            ],
            "metadata_options": [
              {
                "http_endpoint": "enabled",
                "http_put_response_hop_limit": 1,
                "http_tokens": "optional",
                "instance_metadata_tags": "disabled"
              }
            ],
            "monitoring": false,
            "network_interface": [],
            "outpost_arn": "",
            "password_data": "",
            "placement_group": "",
            "placement_partition_number": null,
            "primary_network_interface_id": "eni-0d997ca1b2e12f055",
            "private_dns": "ip-172-23-6-95.ec2.internal",
            "private_dns_name_options": [
              {
                "enable_resource_name_dns_a_record": false,
                "enable_resource_name_dns_aaaa_record": false,
                "hostname_type": "ip-name"
              }
            ],
            "private_ip": "172.23.6.95",
            "public_dns": "ec2-54-92-143-156.compute-1.amazonaws.com",
            "public_ip": "54.92.143.156",
            "root_block_device": [
              {
                "delete_on_termination": true,
                "device_name": "/dev/sda1",
                "encrypted": false,
                "iops": 100,
                "kms_key_id": "",
                "tags": {},
                "throughput": 0,
                "volume_id": "vol-0d367be4177f4609f",
                "volume_size": 8,
                "volume_type": "gp2"
              }
            ],
            "secondary_private_ips": [],
            "security_groups": [],
            "source_dest_check": true,
            "subnet_id": "subnet-0b687ed72f8397735",
            "tags": {
              "Name": "caldera_server",
              "environment": "caldera-test"
            },
            "tags_all": {
              "Name": "caldera_server",
              "environment": "caldera-test"
            },
            "tenancy": "default",
            "timeouts": null,
            "user_data": "40871111b73dea6b5d322930f8e792b4e96fbfa4",
            "user_data_base64": null,
            "user_data_replace_on_change": false,
            "volume_tags": null,
            "vpc_security_group_ids": [
              "sg-0bcfef869ec83f8d2"
            ]
          },
          "sensitive_attributes": [],
          "private": "eyJlMmJmYjczMC1lY2FhLTExZTYtOGY4OC0zNDM2M2JjN2M0YzAiOnsiY3JlYXRlIjo2MDAwMDAwMDAwMDAsImRlbGV0ZSI6MTIwMDAwMDAwMDAwMCwidXBkYXRlIjo2MDAwMDAwMDAwMDB9LCJzY2hlbWFfdmVyc2lvbiI6IjEifQ==",
          "dependencies": [
            "aws_security_group.sg_caldera_server",
            "module.aws_rsa_key.aws_key_pair.worker",
            "module.aws_rsa_key.local_file.ssh_local",
            "module.aws_rsa_key.tls_private_key.ssh_key",
            "module.vpc.aws_cloudwatch_log_group.flow_log",
            "module.vpc.aws_customer_gateway.this",
            "module.vpc.aws_db_subnet_group.database",
            "module.vpc.aws_default_network_acl.this",
            "module.vpc.aws_default_route_table.default",
            "module.vpc.aws_default_security_group.this",
            "module.vpc.aws_default_vpc.this",
            "module.vpc.aws_egress_only_internet_gateway.this",
            "module.vpc.aws_eip.nat",
            "module.vpc.aws_elasticache_subnet_group.elasticache",
            "module.vpc.aws_flow_log.this",
            "module.vpc.aws_iam_policy.vpc_flow_log_cloudwatch",
            "module.vpc.aws_iam_role.vpc_flow_log_cloudwatch",
            "module.vpc.aws_iam_role_policy_attachment.vpc_flow_log_cloudwatch",
            "module.vpc.aws_internet_gateway.this",
            "module.vpc.aws_nat_gateway.this",
            "module.vpc.aws_network_acl.database",
            "module.vpc.aws_network_acl.elasticache",
            "module.vpc.aws_network_acl.intra",
            "module.vpc.aws_network_acl.outpost",
            "module.vpc.aws_network_acl.private",
            "module.vpc.aws_network_acl.public",
            "module.vpc.aws_network_acl.redshift",
            "module.vpc.aws_network_acl_rule.database_inbound",
            "module.vpc.aws_network_acl_rule.database_outbound",
            "module.vpc.aws_network_acl_rule.elasticache_inbound",
            "module.vpc.aws_network_acl_rule.elasticache_outbound",
            "module.vpc.aws_network_acl_rule.intra_inbound",
            "module.vpc.aws_network_acl_rule.intra_outbound",
            "module.vpc.aws_network_acl_rule.outpost_inbound",
            "module.vpc.aws_network_acl_rule.outpost_outbound",
            "module.vpc.aws_network_acl_rule.private_inbound",
            "module.vpc.aws_network_acl_rule.private_outbound",
            "module.vpc.aws_network_acl_rule.public_inbound",
            "module.vpc.aws_network_acl_rule.public_outbound",
            "module.vpc.aws_network_acl_rule.redshift_inbound",
            "module.vpc.aws_network_acl_rule.redshift_outbound",
            "module.vpc.aws_redshift_subnet_group.redshift",
            "module.vpc.aws_route.database_internet_gateway",
            "module.vpc.aws_route.database_ipv6_egress",
            "module.vpc.aws_route.database_nat_gateway",
            "module.vpc.aws_route.private_ipv6_egress",
            "module.vpc.aws_route.private_nat_gateway",
            "module.vpc.aws_route.public_internet_gateway",
            "module.vpc.aws_route.public_internet_gateway_ipv6",
            "module.vpc.aws_route_table.database",
            "module.vpc.aws_route_table.elasticache",
            "module.vpc.aws_route_table.intra",
            "module.vpc.aws_route_table.private",
            "module.vpc.aws_route_table.public",
            "module.vpc.aws_route_table.redshift",
            "module.vpc.aws_route_table_association.database",
            "module.vpc.aws_route_table_association.elasticache",
            "module.vpc.aws_route_table_association.intra",
            "module.vpc.aws_route_table_association.outpost",
            "module.vpc.aws_route_table_association.private",
            "module.vpc.aws_route_table_association.public",
            "module.vpc.aws_route_table_association.redshift",
            "module.vpc.aws_route_table_association.redshift_public",
            "module.vpc.aws_subnet.database",
            "module.vpc.aws_subnet.elasticache",
            "module.vpc.aws_subnet.intra",
            "module.vpc.aws_subnet.outpost",
            "module.vpc.aws_subnet.private",
            "module.vpc.aws_subnet.public",
            "module.vpc.aws_subnet.redshift",
            "module.vpc.aws_vpc.this",
            "module.vpc.aws_vpc_dhcp_options.this",
            "module.vpc.aws_vpc_dhcp_options_association.this",
            "module.vpc.aws_vpc_ipv4_cidr_block_association.this",
            "module.vpc.aws_vpn_gateway.this",
            "module.vpc.aws_vpn_gateway_attachment.this",
            "module.vpc.aws_vpn_gateway_route_propagation.intra",
            "module.vpc.aws_vpn_gateway_route_propagation.private",
            "module.vpc.aws_vpn_gateway_route_propagation.public",
            "module.vpc.data.aws_iam_policy_document.flow_log_cloudwatch_assume_role",
            "module.vpc.data.aws_iam_policy_document.vpc_flow_log_cloudwatch"
          ]
        }
      ]
    },
    {
      "mode": "managed",
      "type": "aws_security_group",
      "name": "sg_caldera_server",
      "provider": "provider[\"registry.terraform.io/hashicorp/aws\"]",
      "instances": [
        {
          "schema_version": 1,
          "attributes": {
            "arn": "arn:aws:ec2:us-east-1:506189848464:security-group/sg-0bcfef869ec83f8d2",
            "description": "Allow ports for caldera server",
            "egress": [
              {
                "cidr_blocks": [
                  "0.0.0.0/0"
                ],
                "description": "",
                "from_port": 0,
                "ipv6_cidr_blocks": [],
                "prefix_list_ids": [],
                "protocol": "-1",
                "security_groups": [],
                "self": false,
                "to_port": 0
              }
            ],
            "id": "sg-0bcfef869ec83f8d2",
            "ingress": [
              {
                "cidr_blocks": [
                  "0.0.0.0/0"
                ],
                "description": "Caldera server port",
                "from_port": 2288,
                "ipv6_cidr_blocks": [],
                "prefix_list_ids": [],
                "protocol": "tcp",
                "security_groups": [],
                "self": false,
                "to_port": 2288
              },
              {
                "cidr_blocks": [
                  "0.0.0.0/0"
                ],
                "description": "SSH from VPC",
                "from_port": 22,
                "ipv6_cidr_blocks": [],
                "prefix_list_ids": [],
                "protocol": "tcp",
                "security_groups": [],
                "self": false,
                "to_port": 22
              }
            ],
            "name": "sg_caldera_linux",
            "name_prefix": "",
            "owner_id": "506189848464",
            "revoke_rules_on_delete": false,
            "tags": {
              "environment": "caldera-test"
            },
            "tags_all": {
              "environment": "caldera-test"
            },
            "timeouts": null,
            "vpc_id": "vpc-0935926b392687b2a"
          },
          "sensitive_attributes": [],
          "private": "eyJlMmJmYjczMC1lY2FhLTExZTYtOGY4OC0zNDM2M2JjN2M0YzAiOnsiY3JlYXRlIjo2MDAwMDAwMDAwMDAsImRlbGV0ZSI6OTAwMDAwMDAwMDAwfSwic2NoZW1hX3ZlcnNpb24iOiIxIn0=",
          "dependencies": [
            "module.vpc.aws_vpc.this"
          ]
        }
      ]
    },
    {
      "module": "module.aws_rsa_key",
      "mode": "managed",
      "type": "aws_key_pair",
      "name": "worker",
      "provider": "provider[\"registry.terraform.io/hashicorp/aws\"]",
      "instances": [
        {
          "schema_version": 1,
          "attributes": {
            "arn": "arn:aws:ec2:us-east-1:506189848464:key-pair/caldera-nodes",
            "fingerprint": "cd:a6:67:76:47:1e:a4:aa:ad:10:57:aa:38:e8:e7:a2",
            "id": "caldera-nodes",
            "key_name": "caldera-nodes",
            "key_name_prefix": "",
            "key_pair_id": "key-025817366c714dd73",
            "key_type": "rsa",
            "public_key": "ssh-rsa AAAAB3NzaC1yc2EAAAADAQABAAACAQDPnC+vLYgMh2zKVk9EvrdcvXJ4ONcZbezucZD7dtco0aMITCxtS/ohZgjdiv90DVQpw2K9SA0OTXm/g8oVlUDSQay/OSnyf3Ju7MjGOUZM6tWwf4nB7O+gZ3eP+jfx10TrS030V/ZhOcSnbERHALTjfNxdDFY7vZhm5mmN6WvYU1RoqY6ONTS1fdkXZpjJ4xl5eS1gWT8ZruGh5thpC1y9+wtRkf7lecAoH45HkkgxCuofgFViomcvD2/DxeSWgfSvDy8cS8YAmwhsKP/6wScQBZxEA/didhbfuBJHryY+UqGjNHzmqnPd6GU4bBI2arYxATJa9hDO7knsud5bKQLx74SodP8qCGJ++lwzo32EMpJAq5TrxXtegfaLGkT6ivn6qkDUOSf92ZnSjumiv1MlqlbJftZpC75ilXa8TnoDbGOEhd+J1+ViVT1MBXYp+iX70kmMk+RILdnTK6H9pwtD+vVl+xH7lCxarPS7EdykNYPcJ06iYNuypdzmFVnbvkzf4PcpShOZD63uv/CRJhGYc0LHjIrzDA/pPXpKc1sXk1iWzEvkQc0c4VBSNW6jxyyCxa4htSPRKFy9UMVekJTxumdYpJKDTxWa/y6QuH2EPedNK02ndJyIPF7Tzbb7zcZJblkAymHdlSacHyCaONbjewqQHUR1WNDtJuymXtD3tw==",
            "tags": null,
            "tags_all": {}
          },
          "sensitive_attributes": [],
          "private": "eyJzY2hlbWFfdmVyc2lvbiI6IjEifQ==",
          "dependencies": [
            "module.aws_rsa_key.tls_private_key.ssh_key",
            "module.vpc.aws_cloudwatch_log_group.flow_log",
            "module.vpc.aws_customer_gateway.this",
            "module.vpc.aws_db_subnet_group.database",
            "module.vpc.aws_default_network_acl.this",
            "module.vpc.aws_default_route_table.default",
            "module.vpc.aws_default_security_group.this",
            "module.vpc.aws_default_vpc.this",
            "module.vpc.aws_egress_only_internet_gateway.this",
            "module.vpc.aws_eip.nat",
            "module.vpc.aws_elasticache_subnet_group.elasticache",
            "module.vpc.aws_flow_log.this",
            "module.vpc.aws_iam_policy.vpc_flow_log_cloudwatch",
            "module.vpc.aws_iam_role.vpc_flow_log_cloudwatch",
            "module.vpc.aws_iam_role_policy_attachment.vpc_flow_log_cloudwatch",
            "module.vpc.aws_internet_gateway.this",
            "module.vpc.aws_nat_gateway.this",
            "module.vpc.aws_network_acl.database",
            "module.vpc.aws_network_acl.elasticache",
            "module.vpc.aws_network_acl.intra",
            "module.vpc.aws_network_acl.outpost",
            "module.vpc.aws_network_acl.private",
            "module.vpc.aws_network_acl.public",
            "module.vpc.aws_network_acl.redshift",
            "module.vpc.aws_network_acl_rule.database_inbound",
            "module.vpc.aws_network_acl_rule.database_outbound",
            "module.vpc.aws_network_acl_rule.elasticache_inbound",
            "module.vpc.aws_network_acl_rule.elasticache_outbound",
            "module.vpc.aws_network_acl_rule.intra_inbound",
            "module.vpc.aws_network_acl_rule.intra_outbound",
            "module.vpc.aws_network_acl_rule.outpost_inbound",
            "module.vpc.aws_network_acl_rule.outpost_outbound",
            "module.vpc.aws_network_acl_rule.private_inbound",
            "module.vpc.aws_network_acl_rule.private_outbound",
            "module.vpc.aws_network_acl_rule.public_inbound",
            "module.vpc.aws_network_acl_rule.public_outbound",
            "module.vpc.aws_network_acl_rule.redshift_inbound",
            "module.vpc.aws_network_acl_rule.redshift_outbound",
            "module.vpc.aws_redshift_subnet_group.redshift",
            "module.vpc.aws_route.database_internet_gateway",
            "module.vpc.aws_route.database_ipv6_egress",
            "module.vpc.aws_route.database_nat_gateway",
            "module.vpc.aws_route.private_ipv6_egress",
            "module.vpc.aws_route.private_nat_gateway",
            "module.vpc.aws_route.public_internet_gateway",
            "module.vpc.aws_route.public_internet_gateway_ipv6",
            "module.vpc.aws_route_table.database",
            "module.vpc.aws_route_table.elasticache",
            "module.vpc.aws_route_table.intra",
            "module.vpc.aws_route_table.private",
            "module.vpc.aws_route_table.public",
            "module.vpc.aws_route_table.redshift",
            "module.vpc.aws_route_table_association.database",
            "module.vpc.aws_route_table_association.elasticache",
            "module.vpc.aws_route_table_association.intra",
            "module.vpc.aws_route_table_association.outpost",
            "module.vpc.aws_route_table_association.private",
            "module.vpc.aws_route_table_association.public",
            "module.vpc.aws_route_table_association.redshift",
            "module.vpc.aws_route_table_association.redshift_public",
            "module.vpc.aws_subnet.database",
            "module.vpc.aws_subnet.elasticache",
            "module.vpc.aws_subnet.intra",
            "module.vpc.aws_subnet.outpost",
            "module.vpc.aws_subnet.private",
            "module.vpc.aws_subnet.public",
            "module.vpc.aws_subnet.redshift",
            "module.vpc.aws_vpc.this",
            "module.vpc.aws_vpc_dhcp_options.this",
            "module.vpc.aws_vpc_dhcp_options_association.this",
            "module.vpc.aws_vpc_ipv4_cidr_block_association.this",
            "module.vpc.aws_vpn_gateway.this",
            "module.vpc.aws_vpn_gateway_attachment.this",
            "module.vpc.aws_vpn_gateway_route_propagation.intra",
            "module.vpc.aws_vpn_gateway_route_propagation.private",
            "module.vpc.aws_vpn_gateway_route_propagation.public",
            "module.vpc.data.aws_iam_policy_document.flow_log_cloudwatch_assume_role",
            "module.vpc.data.aws_iam_policy_document.vpc_flow_log_cloudwatch"
          ]
        }
      ]
    },
    {
      "module": "module.aws_rsa_key",
      "mode": "managed",
      "type": "tls_private_key",
      "name": "ssh_key",
      "provider": "provider[\"registry.terraform.io/hashicorp/tls\"]",
      "instances": [
        {
          "schema_version": 0,
          "attributes": {
            "algorithm": "RSA",
            "ecdsa_curve": "P224",
            "id": "a0eae2a6dff8335baf7d0e46c5eb251b769c7fa2",
            "private_key_openssh": "-----BEGIN OPENSSH PRIVATE KEY-----\nb3BlbnNzaC1rZXktdjEAAAAABG5vbmUAAAAEbm9uZQAAAAAAAAABAAACFwAAAAdz\nc2gtcnNhAAAAAwEAAQAAAgEAz5wvry2IDIdsylZPRL63XL1yeDjXGW3s7nGQ+3bX\nKNGjCEwsbUv6IWYI3Yr/dA1UKcNivUgNDk15v4PKFZVA0kGsvzkp8n9ybuzIxjlG\nTOrVsH+JwezvoGd3j/o38ddE60tN9Ff2YTnEp2xERwC043zcXQxWO72YZuZpjelr\n2FNUaKmOjjU0tX3ZF2aYyeMZeXktYFk/Ga7hoebYaQtcvfsLUZH+5XnAKB+OR5JI\nMQrqH4BVYqJnLw9vw8XkloH0rw8vHEvGAJsIbCj/+sEnEAWcRAP3YnYW37gSR68m\nPlKhozR85qpz3ehlOGwSNmq2MQEyWvYQzu5J7LneWykC8e+EqHT/KghifvpcM6N9\nhDKSQKuU68V7XoH2ixpE+or5+qpA1Dkn/dmZ0o7por9TJapWyX7WaQu+YpV2vE56\nA2xjhIXfidflYlU9TAV2Kfol+9JJjJPkSC3Z0yuh/acLQ/r1ZfsR+5QsWqz0uxHc\npDWD3CdOomDbsqXc5hVZ275M3+D3KUoTmQ+t7r/wkSYRmHNCx4yK8wwP6T16SnNb\nF5NYlsxL5EHNHOFQUjVuo8csgsWuIbUj0ShcvVDFXpCU8bpnWKSSg08Vmv8ukLh9\nhD3nTStNp3SciDxe0822+83GSW5ZAMph3ZUmnB8gmjjW43sKkB1EdVjQ7Sbspl7Q\n97cAAAc4zxs9U88bPVMAAAAHc3NoLXJzYQAAAgEAz5wvry2IDIdsylZPRL63XL1y\neDjXGW3s7nGQ+3bXKNGjCEwsbUv6IWYI3Yr/dA1UKcNivUgNDk15v4PKFZVA0kGs\nvzkp8n9ybuzIxjlGTOrVsH+JwezvoGd3j/o38ddE60tN9Ff2YTnEp2xERwC043zc\nXQxWO72YZuZpjelr2FNUaKmOjjU0tX3ZF2aYyeMZeXktYFk/Ga7hoebYaQtcvfsL\nUZH+5XnAKB+OR5JIMQrqH4BVYqJnLw9vw8XkloH0rw8vHEvGAJsIbCj/+sEnEAWc\nRAP3YnYW37gSR68mPlKhozR85qpz3ehlOGwSNmq2MQEyWvYQzu5J7LneWykC8e+E\nqHT/KghifvpcM6N9hDKSQKuU68V7XoH2ixpE+or5+qpA1Dkn/dmZ0o7por9TJapW\nyX7WaQu+YpV2vE56A2xjhIXfidflYlU9TAV2Kfol+9JJjJPkSC3Z0yuh/acLQ/r1\nZfsR+5QsWqz0uxHcpDWD3CdOomDbsqXc5hVZ275M3+D3KUoTmQ+t7r/wkSYRmHNC\nx4yK8wwP6T16SnNbF5NYlsxL5EHNHOFQUjVuo8csgsWuIbUj0ShcvVDFXpCU8bpn\nWKSSg08Vmv8ukLh9hD3nTStNp3SciDxe0822+83GSW5ZAMph3ZUmnB8gmjjW43sK\nkB1EdVjQ7Sbspl7Q97cAAAADAQABAAACAQC5Du3qZtmo4WZ2De1mx+HGhxBsXa5O\n+o+CFDU6EbrEpel/UfcgDeOOtdcdM/N1TRRCjemL85e/sgveTOlrx7kaMnR7l8bu\nY/BrNCHbn94sXf/Q7j6rYDpRbylCa7ZGmq7SVjPMpEP4cnf7DSTnbZfQV9JOFtsf\nMWeSAb0BRJpfIBhTmyB5Xq/3P5CtrURwYUCp6PwrsCHxENQLbyxkpj4rEoYKVesy\nPg6tNUOsRJaZMLN1FP4Hh+AWMNpdVh7mkjy7dvt1a425qHgfgYR7zoS1YWrjre1s\nFPtavEd/In8ieqGeSwEy06momqjvXFX3r7NrhzeNoV1mNz4qB5xPAgWea0WAR+aE\nRXgzhbW9rdmRx+bVMYtTTEp1S3GyIle8R/ctr1UNsCBWuj0rmy0DiXM6TBKGq93O\nWDGTzxkC9/Z0BvmNVw6uOxSWueF6Edfw5BR5fMXv9yKrKdWyWYkpuDWRXY6rzqqO\nBvfJcDdrUfhnijH8z88Exk9TWdHoYMBCQrxXZhxVSw6w8AcE2i2Xzfz8av0XHjAC\nK4VmjAbMe5bGBbjkk0ErG+38th4APCgLjQDEOpQvEqgGrgHFjbqYpyCSX3LzPJG1\nGViQ6WBhsbN45/vAqkLGrPv/KVEQ5sZL7W21xyBs1F0VQMd0kc+zW2aIZEx+TGRS\nXe/AeB6PG/9hQQAAAQEAvTR4sVbUyiGJQlRfbvIfFZXshlik2hNbCnhY1ykm190z\nXK8Vbs8GeAanFcTsSJ5yL86pMMuaC+99WpJIksQwsj8DEo0thE5qfYxvJ6la4s9U\nIsnODaah/C67GAxFJsF9AvipN34xlOWZy1AssRtCDMOJUKgdocA046TZLAd/nLGU\nIuBWOVEuVkU4uoZsj9zjnVbxpVhwnIDmBYjVvUmC4WdGcU9X6ttgW6HnMbft2IHV\nJkvmgcAc4AVMy27KvM9kgJnv4uUfcX5PAc59XnTDKWUNU2Evnaayczk6RWRxvAda\nWLZZoBs1fRQX28EfRsRoHa2e/wQR0o+pKuADQ3DF0QAAAQEA2ZzT2YV3DvvsyGwm\nuRnOrVqKBvMzKjZbULqum/Ib9eSQ3xfB203z9j/HvQse6QeAkdeNT/RUlGgk7O/S\naHCjvn4xy5sbZ6WrRg7bzt8IAayYXizvZ9jY52yD/4+k4jAgtxCMyLEuF08dySzy\nDZcUQpvNMIKHXWnrKUzFiXgkIUdMT/uiouGUAUdoPxUBOvnWSmYV/cDSOnUW+ENY\n/9NcYqb0pRg2ZJNNROpdvXcK4k19YRLEeU0ayo+g6kYAD7ngISmBP8Pe4KdY+Hfg\nZcyNmnXkGo7udgXCMvEP/MEhNZyWi/a74iEK3sn1D+jQzKcTVB0X7DGnXziwUNHx\nGvwsJwAAAQEA9Dunx6l/4LEStUsW1HbVq6xYd7zy0A8LAHkXZiJs/yuq63Z9/09N\nh4TAgTddlk2XepW2azcexetFZPMgsIGNMgeyImozTlO1I0k9ep6oemRY1ZnYdWrp\nuHvAkdHp+wyvVVFEYTssij1SB4/RUbufB6CtNOKcKP/jFuhgDy3AwBOrRamJlUWv\n6CBfAXBEqPqz3W3Jwm7xC8RxfMQyds12cJ4YoUPdjip6rKlyvue55XCBTGpPriX0\nVKqtbW32Gk5/lU8u5B+yd6TBA6GzuSaof0uvfMuVrwXIefIHILGeqhrxZbNHZtIT\n2aK33TK7vsq74pQqizZ7MaJFaJRhEA7B8QAAAAAB\n-----END OPENSSH PRIVATE KEY-----\n",
            "private_key_pem": "-----BEGIN RSA PRIVATE KEY-----\nMIIJKQIBAAKCAgEAz5wvry2IDIdsylZPRL63XL1yeDjXGW3s7nGQ+3bXKNGjCEws\nbUv6IWYI3Yr/dA1UKcNivUgNDk15v4PKFZVA0kGsvzkp8n9ybuzIxjlGTOrVsH+J\nwezvoGd3j/o38ddE60tN9Ff2YTnEp2xERwC043zcXQxWO72YZuZpjelr2FNUaKmO\njjU0tX3ZF2aYyeMZeXktYFk/Ga7hoebYaQtcvfsLUZH+5XnAKB+OR5JIMQrqH4BV\nYqJnLw9vw8XkloH0rw8vHEvGAJsIbCj/+sEnEAWcRAP3YnYW37gSR68mPlKhozR8\n5qpz3ehlOGwSNmq2MQEyWvYQzu5J7LneWykC8e+EqHT/KghifvpcM6N9hDKSQKuU\n68V7XoH2ixpE+or5+qpA1Dkn/dmZ0o7por9TJapWyX7WaQu+YpV2vE56A2xjhIXf\nidflYlU9TAV2Kfol+9JJjJPkSC3Z0yuh/acLQ/r1ZfsR+5QsWqz0uxHcpDWD3CdO\nomDbsqXc5hVZ275M3+D3KUoTmQ+t7r/wkSYRmHNCx4yK8wwP6T16SnNbF5NYlsxL\n5EHNHOFQUjVuo8csgsWuIbUj0ShcvVDFXpCU8bpnWKSSg08Vmv8ukLh9hD3nTStN\np3SciDxe0822+83GSW5ZAMph3ZUmnB8gmjjW43sKkB1EdVjQ7Sbspl7Q97cCAwEA\nAQKCAgEAuQ7t6mbZqOFmdg3tZsfhxocQbF2uTvqPghQ1OhG6xKXpf1H3IA3jjrXX\nHTPzdU0UQo3pi/OXv7IL3kzpa8e5GjJ0e5fG7mPwazQh25/eLF3/0O4+q2A6UW8p\nQmu2Rpqu0lYzzKRD+HJ3+w0k522X0FfSThbbHzFnkgG9AUSaXyAYU5sgeV6v9z+Q\nra1EcGFAqej8K7Ah8RDUC28sZKY+KxKGClXrMj4OrTVDrESWmTCzdRT+B4fgFjDa\nXVYe5pI8u3b7dWuNuah4H4GEe86EtWFq463tbBT7WrxHfyJ/InqhnksBMtOpqJqo\n71xV96+za4c3jaFdZjc+KgecTwIFnmtFgEfmhEV4M4W1va3Zkcfm1TGLU0xKdUtx\nsiJXvEf3La9VDbAgVro9K5stA4lzOkwShqvdzlgxk88ZAvf2dAb5jVcOrjsUlrnh\nehHX8OQUeXzF7/ciqynVslmJKbg1kV2Oq86qjgb3yXA3a1H4Z4ox/M/PBMZPU1nR\n6GDAQkK8V2YcVUsOsPAHBNotl838/Gr9Fx4wAiuFZowGzHuWxgW45JNBKxvt/LYe\nADwoC40AxDqULxKoBq4BxY26mKcgkl9y8zyRtRlYkOlgYbGzeOf7wKpCxqz7/ylR\nEObGS+1ttccgbNRdFUDHdJHPs1tmiGRMfkxkUl3vwHgejxv/YUECggEBANmc09mF\ndw777MhsJrkZzq1aigbzMyo2W1C6rpvyG/XkkN8XwdtN8/Y/x70LHukHgJHXjU/0\nVJRoJOzv0mhwo75+McubG2elq0YO287fCAGsmF4s72fY2Odsg/+PpOIwILcQjMix\nLhdPHcks8g2XFEKbzTCCh11p6ylMxYl4JCFHTE/7oqLhlAFHaD8VATr51kpmFf3A\n0jp1FvhDWP/TXGKm9KUYNmSTTUTqXb13CuJNfWESxHlNGsqPoOpGAA+54CEpgT/D\n3uCnWPh34GXMjZp15BqO7nYFwjLxD/zBITWclov2u+IhCt7J9Q/o0MynE1QdF+wx\np184sFDR8Rr8LCcCggEBAPQ7p8epf+CxErVLFtR21ausWHe88tAPCwB5F2YibP8r\nqut2ff9PTYeEwIE3XZZNl3qVtms3HsXrRWTzILCBjTIHsiJqM05TtSNJPXqeqHpk\nWNWZ2HVq6bh7wJHR6fsMr1VRRGE7LIo9UgeP0VG7nwegrTTinCj/4xboYA8twMAT\nq0WpiZVFr+ggXwFwRKj6s91tycJu8QvEcXzEMnbNdnCeGKFD3Y4qeqypcr7nueVw\ngUxqT64l9FSqrW1t9hpOf5VPLuQfsnekwQOhs7kmqH9Lr3zLla8FyHnyByCxnqoa\n8WWzR2bSE9mit90yu77Ku+KUKos2ezGiRWiUYRAOwfECggEAWZUg9QPnbkixQhSb\noEmKdny2I4RMhM0ZrFMdfF8fuYsdRGnASSp/CtlYvW7ti5qmB+PHbam0g9+Xi95y\nLMJp9gp3L00r6/AcYNvPCwtvfVjy5Jn0+Dghmqtmb3dPtjl/zjzG5/tgcQIFzgJt\npsCR+5Wt05F4bjEjOL4894l4viZeuPJrEkhwqFIgDQ/1kLS2zavW075kDOKU0SDQ\na4g0GPyH68ra4W5uObeNXWi7F0w1GBgkv5bJN6gG40przg2DwcMXTQuyHaNmkeqv\netjJVlO/0lsSuY1HU7c/EJrks/BBXV72G3HkyrAy7Ri3k/gXkeHkLjyGnUF1+99h\nNO2oswKCAQA09ZadKfkLvPnkjALIUXhlwHpyhGtWiFyHXrqfMAnYjxyB8HDD4utZ\n3oRrwJivleWp9DrZJtuqaSjkCgBlpcH7PkX3RnYXnvkhTKljJHI+D/JfZvvUAjnq\nAhOwywbkpEyEwJmGR/GRjFh0QVBPW9LRMZs9Y4IfNdWFSyBBSleIjvtNoMSvtKu/\nNv3C7xhEWBCWjE76tVnZhmBhgJ28uzLamr2WgoPRZw6w0BGMqezafrna2xaqGZrQ\nnS38E6MQ80KhGsl9OA5X+UbNRcwV8vcIm13TPsYXbLabEstO4JUaJ7t+pRBvkFAz\nmiAqe+zQI1/4cs6C3255RcmtMreVZs3RAoIBAQC9NHixVtTKIYlCVF9u8h8VleyG\nWKTaE1sKeFjXKSbX3TNcrxVuzwZ4BqcVxOxInnIvzqkwy5oL731akkiSxDCyPwMS\njS2ETmp9jG8nqVriz1Qiyc4NpqH8LrsYDEUmwX0C+Kk3fjGU5ZnLUCyxG0IMw4lQ\nqB2hwDTjpNksB3+csZQi4FY5US5WRTi6hmyP3OOdVvGlWHCcgOYFiNW9SYLhZ0Zx\nT1fq22Bboecxt+3YgdUmS+aBwBzgBUzLbsq8z2SAme/i5R9xfk8Bzn1edMMpZQ1T\nYS+dprJzOTpFZHG8B1pYtlmgGzV9FBfbwR9GxGgdrZ7/BBHSj6kq4ANDcMXR\n-----END RSA PRIVATE KEY-----\n",
            "public_key_fingerprint_md5": "c5:c3:44:83:72:b9:44:d6:7b:f1:e6:6c:21:f8:51:9e",
            "public_key_fingerprint_sha256": "SHA256:WOZEOL+0vNlAlOEeU4TIV18MtCeRQQLIUaPJjDWzKLc",
            "public_key_openssh": "ssh-rsa AAAAB3NzaC1yc2EAAAADAQABAAACAQDPnC+vLYgMh2zKVk9EvrdcvXJ4ONcZbezucZD7dtco0aMITCxtS/ohZgjdiv90DVQpw2K9SA0OTXm/g8oVlUDSQay/OSnyf3Ju7MjGOUZM6tWwf4nB7O+gZ3eP+jfx10TrS030V/ZhOcSnbERHALTjfNxdDFY7vZhm5mmN6WvYU1RoqY6ONTS1fdkXZpjJ4xl5eS1gWT8ZruGh5thpC1y9+wtRkf7lecAoH45HkkgxCuofgFViomcvD2/DxeSWgfSvDy8cS8YAmwhsKP/6wScQBZxEA/didhbfuBJHryY+UqGjNHzmqnPd6GU4bBI2arYxATJa9hDO7knsud5bKQLx74SodP8qCGJ++lwzo32EMpJAq5TrxXtegfaLGkT6ivn6qkDUOSf92ZnSjumiv1MlqlbJftZpC75ilXa8TnoDbGOEhd+J1+ViVT1MBXYp+iX70kmMk+RILdnTK6H9pwtD+vVl+xH7lCxarPS7EdykNYPcJ06iYNuypdzmFVnbvkzf4PcpShOZD63uv/CRJhGYc0LHjIrzDA/pPXpKc1sXk1iWzEvkQc0c4VBSNW6jxyyCxa4htSPRKFy9UMVekJTxumdYpJKDTxWa/y6QuH2EPedNK02ndJyIPF7Tzbb7zcZJblkAymHdlSacHyCaONbjewqQHUR1WNDtJuymXtD3tw==\n",
            "public_key_pem": "-----BEGIN PUBLIC KEY-----\nMIICIjANBgkqhkiG9w0BAQEFAAOCAg8AMIICCgKCAgEAz5wvry2IDIdsylZPRL63\nXL1yeDjXGW3s7nGQ+3bXKNGjCEwsbUv6IWYI3Yr/dA1UKcNivUgNDk15v4PKFZVA\n0kGsvzkp8n9ybuzIxjlGTOrVsH+JwezvoGd3j/o38ddE60tN9Ff2YTnEp2xERwC0\n43zcXQxWO72YZuZpjelr2FNUaKmOjjU0tX3ZF2aYyeMZeXktYFk/Ga7hoebYaQtc\nvfsLUZH+5XnAKB+OR5JIMQrqH4BVYqJnLw9vw8XkloH0rw8vHEvGAJsIbCj/+sEn\nEAWcRAP3YnYW37gSR68mPlKhozR85qpz3ehlOGwSNmq2MQEyWvYQzu5J7LneWykC\n8e+EqHT/KghifvpcM6N9hDKSQKuU68V7XoH2ixpE+or5+qpA1Dkn/dmZ0o7por9T\nJapWyX7WaQu+YpV2vE56A2xjhIXfidflYlU9TAV2Kfol+9JJjJPkSC3Z0yuh/acL\nQ/r1ZfsR+5QsWqz0uxHcpDWD3CdOomDbsqXc5hVZ275M3+D3KUoTmQ+t7r/wkSYR\nmHNCx4yK8wwP6T16SnNbF5NYlsxL5EHNHOFQUjVuo8csgsWuIbUj0ShcvVDFXpCU\n8bpnWKSSg08Vmv8ukLh9hD3nTStNp3SciDxe0822+83GSW5ZAMph3ZUmnB8gmjjW\n43sKkB1EdVjQ7Sbspl7Q97cCAwEAAQ==\n-----END PUBLIC KEY-----\n",
            "rsa_bits": 4096
          },
          "sensitive_attributes": [],
          "private": "bnVsbA==",
          "dependencies": [
            "module.vpc.aws_cloudwatch_log_group.flow_log",
            "module.vpc.aws_customer_gateway.this",
            "module.vpc.aws_db_subnet_group.database",
            "module.vpc.aws_default_network_acl.this",
            "module.vpc.aws_default_route_table.default",
            "module.vpc.aws_default_security_group.this",
            "module.vpc.aws_default_vpc.this",
            "module.vpc.aws_egress_only_internet_gateway.this",
            "module.vpc.aws_eip.nat",
            "module.vpc.aws_elasticache_subnet_group.elasticache",
            "module.vpc.aws_flow_log.this",
            "module.vpc.aws_iam_policy.vpc_flow_log_cloudwatch",
            "module.vpc.aws_iam_role.vpc_flow_log_cloudwatch",
            "module.vpc.aws_iam_role_policy_attachment.vpc_flow_log_cloudwatch",
            "module.vpc.aws_internet_gateway.this",
            "module.vpc.aws_nat_gateway.this",
            "module.vpc.aws_network_acl.database",
            "module.vpc.aws_network_acl.elasticache",
            "module.vpc.aws_network_acl.intra",
            "module.vpc.aws_network_acl.outpost",
            "module.vpc.aws_network_acl.private",
            "module.vpc.aws_network_acl.public",
            "module.vpc.aws_network_acl.redshift",
            "module.vpc.aws_network_acl_rule.database_inbound",
            "module.vpc.aws_network_acl_rule.database_outbound",
            "module.vpc.aws_network_acl_rule.elasticache_inbound",
            "module.vpc.aws_network_acl_rule.elasticache_outbound",
            "module.vpc.aws_network_acl_rule.intra_inbound",
            "module.vpc.aws_network_acl_rule.intra_outbound",
            "module.vpc.aws_network_acl_rule.outpost_inbound",
            "module.vpc.aws_network_acl_rule.outpost_outbound",
            "module.vpc.aws_network_acl_rule.private_inbound",
            "module.vpc.aws_network_acl_rule.private_outbound",
            "module.vpc.aws_network_acl_rule.public_inbound",
            "module.vpc.aws_network_acl_rule.public_outbound",
            "module.vpc.aws_network_acl_rule.redshift_inbound",
            "module.vpc.aws_network_acl_rule.redshift_outbound",
            "module.vpc.aws_redshift_subnet_group.redshift",
            "module.vpc.aws_route.database_internet_gateway",
            "module.vpc.aws_route.database_ipv6_egress",
            "module.vpc.aws_route.database_nat_gateway",
            "module.vpc.aws_route.private_ipv6_egress",
            "module.vpc.aws_route.private_nat_gateway",
            "module.vpc.aws_route.public_internet_gateway",
            "module.vpc.aws_route.public_internet_gateway_ipv6",
            "module.vpc.aws_route_table.database",
            "module.vpc.aws_route_table.elasticache",
            "module.vpc.aws_route_table.intra",
            "module.vpc.aws_route_table.private",
            "module.vpc.aws_route_table.public",
            "module.vpc.aws_route_table.redshift",
            "module.vpc.aws_route_table_association.database",
            "module.vpc.aws_route_table_association.elasticache",
            "module.vpc.aws_route_table_association.intra",
            "module.vpc.aws_route_table_association.outpost",
            "module.vpc.aws_route_table_association.private",
            "module.vpc.aws_route_table_association.public",
            "module.vpc.aws_route_table_association.redshift",
            "module.vpc.aws_route_table_association.redshift_public",
            "module.vpc.aws_subnet.database",
            "module.vpc.aws_subnet.elasticache",
            "module.vpc.aws_subnet.intra",
            "module.vpc.aws_subnet.outpost",
            "module.vpc.aws_subnet.private",
            "module.vpc.aws_subnet.public",
            "module.vpc.aws_subnet.redshift",
            "module.vpc.aws_vpc.this",
            "module.vpc.aws_vpc_dhcp_options.this",
            "module.vpc.aws_vpc_dhcp_options_association.this",
            "module.vpc.aws_vpc_ipv4_cidr_block_association.this",
            "module.vpc.aws_vpn_gateway.this",
            "module.vpc.aws_vpn_gateway_attachment.this",
            "module.vpc.aws_vpn_gateway_route_propagation.intra",
            "module.vpc.aws_vpn_gateway_route_propagation.private",
            "module.vpc.aws_vpn_gateway_route_propagation.public",
            "module.vpc.data.aws_iam_policy_document.flow_log_cloudwatch_assume_role",
            "module.vpc.data.aws_iam_policy_document.vpc_flow_log_cloudwatch"
          ]
        }
      ]
    },
    {
      "module": "module.vpc",
      "mode": "managed",
      "type": "aws_eip",
      "name": "nat",
      "provider": "provider[\"registry.terraform.io/hashicorp/aws\"]",
      "instances": [
        {
          "index_key": 0,
          "schema_version": 0,
          "attributes": {
            "address": null,
            "allocation_id": "eipalloc-0c207bfb201a3edb8",
            "associate_with_private_ip": null,
            "association_id": "",
            "carrier_ip": "",
            "customer_owned_ip": "",
            "customer_owned_ipv4_pool": "",
            "domain": "vpc",
            "id": "eipalloc-0c207bfb201a3edb8",
            "instance": "",
            "network_border_group": "us-east-1",
            "network_interface": "",
            "private_dns": null,
            "private_ip": "",
            "public_dns": "ec2-35-168-199-171.compute-1.amazonaws.com",
            "public_ip": "35.168.199.171",
            "public_ipv4_pool": "amazon",
            "tags": {
              "Name": "VPC-us-east-1a"
            },
            "tags_all": {
              "Name": "VPC-us-east-1a"
            },
            "timeouts": null,
            "vpc": true
          },
          "sensitive_attributes": [],
          "private": "eyJlMmJmYjczMC1lY2FhLTExZTYtOGY4OC0zNDM2M2JjN2M0YzAiOnsiZGVsZXRlIjoxODAwMDAwMDAwMDAsInJlYWQiOjkwMDAwMDAwMDAwMCwidXBkYXRlIjozMDAwMDAwMDAwMDB9fQ=="
        }
      ]
    },
    {
      "module": "module.vpc",
      "mode": "managed",
      "type": "aws_internet_gateway",
      "name": "this",
      "provider": "provider[\"registry.terraform.io/hashicorp/aws\"]",
      "instances": [
        {
          "index_key": 0,
          "schema_version": 0,
          "attributes": {
            "arn": "arn:aws:ec2:us-east-1:506189848464:internet-gateway/igw-098ed4d5092a3013d",
            "id": "igw-098ed4d5092a3013d",
            "owner_id": "506189848464",
            "tags": {
              "Name": "VPC"
            },
            "tags_all": {
              "Name": "VPC"
            },
            "vpc_id": "vpc-0935926b392687b2a"
          },
          "sensitive_attributes": [],
          "private": "bnVsbA==",
          "dependencies": [
            "module.vpc.aws_vpc.this",
            "module.vpc.aws_vpc_ipv4_cidr_block_association.this"
          ]
        }
      ]
    },
    {
      "module": "module.vpc",
      "mode": "managed",
      "type": "aws_nat_gateway",
      "name": "this",
      "provider": "provider[\"registry.terraform.io/hashicorp/aws\"]",
      "instances": [
        {
          "index_key": 0,
          "schema_version": 0,
          "attributes": {
            "allocation_id": "eipalloc-0c207bfb201a3edb8",
            "connectivity_type": "public",
            "id": "nat-055ceba3d187d48ea",
            "network_interface_id": "eni-0ebbe0a60a16f508c",
            "private_ip": "172.23.4.98",
            "public_ip": "35.168.199.171",
            "subnet_id": "subnet-0b687ed72f8397735",
            "tags": {
              "Name": "caldera-test_natgateway"
            },
            "tags_all": {
              "Name": "caldera-test_natgateway"
            }
          },
          "sensitive_attributes": [],
          "private": "bnVsbA==",
          "dependencies": [
            "module.vpc.aws_eip.nat",
            "module.vpc.aws_internet_gateway.this",
            "module.vpc.aws_subnet.public",
            "module.vpc.aws_vpc.this",
            "module.vpc.aws_vpc_ipv4_cidr_block_association.this"
          ]
        }
      ]
    },
    {
      "module": "module.vpc",
      "mode": "managed",
      "type": "aws_route",
      "name": "private_nat_gateway",
      "provider": "provider[\"registry.terraform.io/hashicorp/aws\"]",
      "instances": [
        {
          "index_key": 0,
          "schema_version": 0,
          "attributes": {
            "carrier_gateway_id": "",
            "core_network_arn": "",
            "destination_cidr_block": "0.0.0.0/0",
            "destination_ipv6_cidr_block": "",
            "destination_prefix_list_id": "",
            "egress_only_gateway_id": "",
            "gateway_id": "",
            "id": "r-rtb-0f72a474963f400391080289494",
            "instance_id": "",
            "instance_owner_id": "",
            "local_gateway_id": "",
            "nat_gateway_id": "nat-055ceba3d187d48ea",
            "network_interface_id": "",
            "origin": "CreateRoute",
            "route_table_id": "rtb-0f72a474963f40039",
            "state": "active",
            "timeouts": {
              "create": "5m",
              "delete": null,
              "update": null
            },
            "transit_gateway_id": "",
            "vpc_endpoint_id": "",
            "vpc_peering_connection_id": ""
          },
          "sensitive_attributes": [],
          "private": "eyJlMmJmYjczMC1lY2FhLTExZTYtOGY4OC0zNDM2M2JjN2M0YzAiOnsiY3JlYXRlIjozMDAwMDAwMDAwMDAsImRlbGV0ZSI6MzAwMDAwMDAwMDAwLCJ1cGRhdGUiOjEyMDAwMDAwMDAwMH19",
          "dependencies": [
            "module.vpc.aws_eip.nat",
            "module.vpc.aws_internet_gateway.this",
            "module.vpc.aws_nat_gateway.this",
            "module.vpc.aws_route_table.private",
            "module.vpc.aws_subnet.public",
            "module.vpc.aws_vpc.this",
            "module.vpc.aws_vpc_ipv4_cidr_block_association.this"
          ]
        }
      ]
    },
    {
      "module": "module.vpc",
      "mode": "managed",
      "type": "aws_route",
      "name": "public_internet_gateway",
      "provider": "provider[\"registry.terraform.io/hashicorp/aws\"]",
      "instances": [
        {
          "index_key": 0,
          "schema_version": 0,
          "attributes": {
            "carrier_gateway_id": "",
            "core_network_arn": "",
            "destination_cidr_block": "0.0.0.0/0",
            "destination_ipv6_cidr_block": "",
            "destination_prefix_list_id": "",
            "egress_only_gateway_id": "",
            "gateway_id": "igw-098ed4d5092a3013d",
            "id": "r-rtb-02eea1346cfbdba651080289494",
            "instance_id": "",
            "instance_owner_id": "",
            "local_gateway_id": "",
            "nat_gateway_id": "",
            "network_interface_id": "",
            "origin": "CreateRoute",
            "route_table_id": "rtb-02eea1346cfbdba65",
            "state": "active",
            "timeouts": {
              "create": "5m",
              "delete": null,
              "update": null
            },
            "transit_gateway_id": "",
            "vpc_endpoint_id": "",
            "vpc_peering_connection_id": ""
          },
          "sensitive_attributes": [],
          "private": "eyJlMmJmYjczMC1lY2FhLTExZTYtOGY4OC0zNDM2M2JjN2M0YzAiOnsiY3JlYXRlIjozMDAwMDAwMDAwMDAsImRlbGV0ZSI6MzAwMDAwMDAwMDAwLCJ1cGRhdGUiOjEyMDAwMDAwMDAwMH19",
          "dependencies": [
            "module.vpc.aws_internet_gateway.this",
            "module.vpc.aws_route_table.public",
            "module.vpc.aws_vpc.this",
            "module.vpc.aws_vpc_ipv4_cidr_block_association.this"
          ]
        }
      ]
    },
    {
      "module": "module.vpc",
      "mode": "managed",
      "type": "aws_route_table",
      "name": "private",
      "provider": "provider[\"registry.terraform.io/hashicorp/aws\"]",
      "instances": [
        {
          "index_key": 0,
          "schema_version": 0,
          "attributes": {
            "arn": "arn:aws:ec2:us-east-1:506189848464:route-table/rtb-0f72a474963f40039",
            "id": "rtb-0f72a474963f40039",
            "owner_id": "506189848464",
            "propagating_vgws": [],
            "route": [],
            "tags": {
              "Name": "VPC-private"
            },
            "tags_all": {
              "Name": "VPC-private"
            },
            "timeouts": null,
            "vpc_id": "vpc-0935926b392687b2a"
          },
          "sensitive_attributes": [],
          "private": "eyJlMmJmYjczMC1lY2FhLTExZTYtOGY4OC0zNDM2M2JjN2M0YzAiOnsiY3JlYXRlIjozMDAwMDAwMDAwMDAsImRlbGV0ZSI6MzAwMDAwMDAwMDAwLCJ1cGRhdGUiOjEyMDAwMDAwMDAwMH19",
          "dependencies": [
            "module.vpc.aws_vpc.this",
            "module.vpc.aws_vpc_ipv4_cidr_block_association.this"
          ]
        }
      ]
    },
    {
      "module": "module.vpc",
      "mode": "managed",
      "type": "aws_route_table",
      "name": "public",
      "provider": "provider[\"registry.terraform.io/hashicorp/aws\"]",
      "instances": [
        {
          "index_key": 0,
          "schema_version": 0,
          "attributes": {
            "arn": "arn:aws:ec2:us-east-1:506189848464:route-table/rtb-02eea1346cfbdba65",
            "id": "rtb-02eea1346cfbdba65",
            "owner_id": "506189848464",
            "propagating_vgws": [],
            "route": [],
            "tags": {
              "Name": "VPC-public"
            },
            "tags_all": {
              "Name": "VPC-public"
            },
            "timeouts": null,
            "vpc_id": "vpc-0935926b392687b2a"
          },
          "sensitive_attributes": [],
          "private": "eyJlMmJmYjczMC1lY2FhLTExZTYtOGY4OC0zNDM2M2JjN2M0YzAiOnsiY3JlYXRlIjozMDAwMDAwMDAwMDAsImRlbGV0ZSI6MzAwMDAwMDAwMDAwLCJ1cGRhdGUiOjEyMDAwMDAwMDAwMH19",
          "dependencies": [
            "module.vpc.aws_vpc.this",
            "module.vpc.aws_vpc_ipv4_cidr_block_association.this"
          ]
        }
      ]
    },
    {
      "module": "module.vpc",
      "mode": "managed",
      "type": "aws_route_table_association",
      "name": "private",
      "provider": "provider[\"registry.terraform.io/hashicorp/aws\"]",
      "instances": [
        {
          "index_key": 0,
          "schema_version": 0,
          "attributes": {
            "gateway_id": "",
            "id": "rtbassoc-0a625eebb605ab75b",
            "route_table_id": "rtb-0f72a474963f40039",
            "subnet_id": "subnet-0e9e06113811317af"
          },
          "sensitive_attributes": [],
          "private": "bnVsbA==",
          "dependencies": [
            "module.vpc.aws_route_table.private",
            "module.vpc.aws_subnet.private",
            "module.vpc.aws_vpc.this",
            "module.vpc.aws_vpc_ipv4_cidr_block_association.this"
          ]
        },
        {
          "index_key": 1,
          "schema_version": 0,
          "attributes": {
            "gateway_id": "",
            "id": "rtbassoc-0c47139901e18cdc6",
            "route_table_id": "rtb-0f72a474963f40039",
            "subnet_id": "subnet-0cd881b4ecf9f3b5b"
          },
          "sensitive_attributes": [],
          "private": "bnVsbA==",
          "dependencies": [
            "module.vpc.aws_route_table.private",
            "module.vpc.aws_subnet.private",
            "module.vpc.aws_vpc.this",
            "module.vpc.aws_vpc_ipv4_cidr_block_association.this"
          ]
        },
        {
          "index_key": 2,
          "schema_version": 0,
          "attributes": {
            "gateway_id": "",
            "id": "rtbassoc-03c7964d170c76a5d",
            "route_table_id": "rtb-0f72a474963f40039",
            "subnet_id": "subnet-04d9c5f8eac8934d3"
          },
          "sensitive_attributes": [],
          "private": "bnVsbA==",
          "dependencies": [
            "module.vpc.aws_route_table.private",
            "module.vpc.aws_subnet.private",
            "module.vpc.aws_vpc.this",
            "module.vpc.aws_vpc_ipv4_cidr_block_association.this"
          ]
        },
        {
          "index_key": 3,
          "schema_version": 0,
          "attributes": {
            "gateway_id": "",
            "id": "rtbassoc-03ad3afe1fdeb26cd",
            "route_table_id": "rtb-0f72a474963f40039",
            "subnet_id": "subnet-0eff0a0aaf7557724"
          },
          "sensitive_attributes": [],
          "private": "bnVsbA==",
          "dependencies": [
            "module.vpc.aws_route_table.private",
            "module.vpc.aws_subnet.private",
            "module.vpc.aws_vpc.this",
            "module.vpc.aws_vpc_ipv4_cidr_block_association.this"
          ]
        },
        {
          "index_key": 4,
          "schema_version": 0,
          "attributes": {
            "gateway_id": "",
            "id": "rtbassoc-00bfa67c1e8b0bc3d",
            "route_table_id": "rtb-0f72a474963f40039",
            "subnet_id": "subnet-0610d8f23232de692"
          },
          "sensitive_attributes": [],
          "private": "bnVsbA==",
          "dependencies": [
            "module.vpc.aws_route_table.private",
            "module.vpc.aws_subnet.private",
            "module.vpc.aws_vpc.this",
            "module.vpc.aws_vpc_ipv4_cidr_block_association.this"
          ]
        }
      ]
    },
    {
      "module": "module.vpc",
      "mode": "managed",
      "type": "aws_route_table_association",
      "name": "public",
      "provider": "provider[\"registry.terraform.io/hashicorp/aws\"]",
      "instances": [
        {
          "index_key": 0,
          "schema_version": 0,
          "attributes": {
            "gateway_id": "",
            "id": "rtbassoc-0f95fcf2d582d96e4",
            "route_table_id": "rtb-02eea1346cfbdba65",
            "subnet_id": "subnet-0b687ed72f8397735"
          },
          "sensitive_attributes": [],
          "private": "bnVsbA==",
          "dependencies": [
            "module.vpc.aws_route_table.public",
            "module.vpc.aws_subnet.public",
            "module.vpc.aws_vpc.this",
            "module.vpc.aws_vpc_ipv4_cidr_block_association.this"
          ]
        },
        {
          "index_key": 1,
          "schema_version": 0,
          "attributes": {
            "gateway_id": "",
            "id": "rtbassoc-0afab9747c89f8d5d",
            "route_table_id": "rtb-02eea1346cfbdba65",
            "subnet_id": "subnet-0451a07860949a017"
          },
          "sensitive_attributes": [],
          "private": "bnVsbA==",
          "dependencies": [
            "module.vpc.aws_route_table.public",
            "module.vpc.aws_subnet.public",
            "module.vpc.aws_vpc.this",
            "module.vpc.aws_vpc_ipv4_cidr_block_association.this"
          ]
        },
        {
          "index_key": 2,
          "schema_version": 0,
          "attributes": {
            "gateway_id": "",
            "id": "rtbassoc-09b6783bcb9d97028",
            "route_table_id": "rtb-02eea1346cfbdba65",
            "subnet_id": "subnet-0b4c19c189e814724"
          },
          "sensitive_attributes": [],
          "private": "bnVsbA==",
          "dependencies": [
            "module.vpc.aws_route_table.public",
            "module.vpc.aws_subnet.public",
            "module.vpc.aws_vpc.this",
            "module.vpc.aws_vpc_ipv4_cidr_block_association.this"
          ]
        },
        {
          "index_key": 3,
          "schema_version": 0,
          "attributes": {
            "gateway_id": "",
            "id": "rtbassoc-0e4923315cb271b45",
            "route_table_id": "rtb-02eea1346cfbdba65",
            "subnet_id": "subnet-0f459939202fce05f"
          },
          "sensitive_attributes": [],
          "private": "bnVsbA==",
          "dependencies": [
            "module.vpc.aws_route_table.public",
            "module.vpc.aws_subnet.public",
            "module.vpc.aws_vpc.this",
            "module.vpc.aws_vpc_ipv4_cidr_block_association.this"
          ]
        },
        {
          "index_key": 4,
          "schema_version": 0,
          "attributes": {
            "gateway_id": "",
            "id": "rtbassoc-0ad13aad52005e3e6",
            "route_table_id": "rtb-02eea1346cfbdba65",
            "subnet_id": "subnet-08865b84baa2acf61"
          },
          "sensitive_attributes": [],
          "private": "bnVsbA==",
          "dependencies": [
            "module.vpc.aws_route_table.public",
            "module.vpc.aws_subnet.public",
            "module.vpc.aws_vpc.this",
            "module.vpc.aws_vpc_ipv4_cidr_block_association.this"
          ]
        }
      ]
    },
    {
      "module": "module.vpc",
      "mode": "managed",
      "type": "aws_subnet",
      "name": "private",
      "provider": "provider[\"registry.terraform.io/hashicorp/aws\"]",
      "instances": [
        {
          "index_key": 0,
          "schema_version": 1,
          "attributes": {
            "arn": "arn:aws:ec2:us-east-1:506189848464:subnet/subnet-0e9e06113811317af",
            "assign_ipv6_address_on_creation": false,
            "availability_zone": "us-east-1a",
            "availability_zone_id": "use1-az6",
            "cidr_block": "172.23.0.0/22",
            "customer_owned_ipv4_pool": "",
            "enable_dns64": false,
            "enable_resource_name_dns_a_record_on_launch": false,
            "enable_resource_name_dns_aaaa_record_on_launch": false,
            "id": "subnet-0e9e06113811317af",
            "ipv6_cidr_block": "",
            "ipv6_cidr_block_association_id": "",
            "ipv6_native": false,
            "map_customer_owned_ip_on_launch": false,
            "map_public_ip_on_launch": false,
            "outpost_arn": "",
            "owner_id": "506189848464",
            "private_dns_hostname_type_on_launch": "ip-name",
            "tags": {
              "Name": "caldera-test_private"
            },
            "tags_all": {
              "Name": "caldera-test_private"
            },
            "timeouts": null,
            "vpc_id": "vpc-0935926b392687b2a"
          },
          "sensitive_attributes": [],
          "private": "eyJlMmJmYjczMC1lY2FhLTExZTYtOGY4OC0zNDM2M2JjN2M0YzAiOnsiY3JlYXRlIjo2MDAwMDAwMDAwMDAsImRlbGV0ZSI6MTIwMDAwMDAwMDAwMH0sInNjaGVtYV92ZXJzaW9uIjoiMSJ9",
          "dependencies": [
            "module.vpc.aws_vpc.this",
            "module.vpc.aws_vpc_ipv4_cidr_block_association.this"
          ]
        },
        {
          "index_key": 1,
          "schema_version": 1,
          "attributes": {
            "arn": "arn:aws:ec2:us-east-1:506189848464:subnet/subnet-0cd881b4ecf9f3b5b",
            "assign_ipv6_address_on_creation": false,
            "availability_zone": "us-east-1b",
            "availability_zone_id": "use1-az1",
            "cidr_block": "172.23.32.0/22",
            "customer_owned_ipv4_pool": "",
            "enable_dns64": false,
            "enable_resource_name_dns_a_record_on_launch": false,
            "enable_resource_name_dns_aaaa_record_on_launch": false,
            "id": "subnet-0cd881b4ecf9f3b5b",
            "ipv6_cidr_block": "",
            "ipv6_cidr_block_association_id": "",
            "ipv6_native": false,
            "map_customer_owned_ip_on_launch": false,
            "map_public_ip_on_launch": false,
            "outpost_arn": "",
            "owner_id": "506189848464",
            "private_dns_hostname_type_on_launch": "ip-name",
            "tags": {
              "Name": "caldera-test_private"
            },
            "tags_all": {
              "Name": "caldera-test_private"
            },
            "timeouts": null,
            "vpc_id": "vpc-0935926b392687b2a"
          },
          "sensitive_attributes": [],
          "private": "eyJlMmJmYjczMC1lY2FhLTExZTYtOGY4OC0zNDM2M2JjN2M0YzAiOnsiY3JlYXRlIjo2MDAwMDAwMDAwMDAsImRlbGV0ZSI6MTIwMDAwMDAwMDAwMH0sInNjaGVtYV92ZXJzaW9uIjoiMSJ9",
          "dependencies": [
            "module.vpc.aws_vpc.this",
            "module.vpc.aws_vpc_ipv4_cidr_block_association.this"
          ]
        },
        {
          "index_key": 2,
          "schema_version": 1,
          "attributes": {
            "arn": "arn:aws:ec2:us-east-1:506189848464:subnet/subnet-04d9c5f8eac8934d3",
            "assign_ipv6_address_on_creation": false,
            "availability_zone": "us-east-1c",
            "availability_zone_id": "use1-az2",
            "cidr_block": "172.23.64.0/22",
            "customer_owned_ipv4_pool": "",
            "enable_dns64": false,
            "enable_resource_name_dns_a_record_on_launch": false,
            "enable_resource_name_dns_aaaa_record_on_launch": false,
            "id": "subnet-04d9c5f8eac8934d3",
            "ipv6_cidr_block": "",
            "ipv6_cidr_block_association_id": "",
            "ipv6_native": false,
            "map_customer_owned_ip_on_launch": false,
            "map_public_ip_on_launch": false,
            "outpost_arn": "",
            "owner_id": "506189848464",
            "private_dns_hostname_type_on_launch": "ip-name",
            "tags": {
              "Name": "caldera-test_private"
            },
            "tags_all": {
              "Name": "caldera-test_private"
            },
            "timeouts": null,
            "vpc_id": "vpc-0935926b392687b2a"
          },
          "sensitive_attributes": [],
          "private": "eyJlMmJmYjczMC1lY2FhLTExZTYtOGY4OC0zNDM2M2JjN2M0YzAiOnsiY3JlYXRlIjo2MDAwMDAwMDAwMDAsImRlbGV0ZSI6MTIwMDAwMDAwMDAwMH0sInNjaGVtYV92ZXJzaW9uIjoiMSJ9",
          "dependencies": [
            "module.vpc.aws_vpc.this",
            "module.vpc.aws_vpc_ipv4_cidr_block_association.this"
          ]
        },
        {
          "index_key": 3,
          "schema_version": 1,
          "attributes": {
            "arn": "arn:aws:ec2:us-east-1:506189848464:subnet/subnet-0eff0a0aaf7557724",
            "assign_ipv6_address_on_creation": false,
            "availability_zone": "us-east-1d",
            "availability_zone_id": "use1-az4",
            "cidr_block": "172.23.96.0/22",
            "customer_owned_ipv4_pool": "",
            "enable_dns64": false,
            "enable_resource_name_dns_a_record_on_launch": false,
            "enable_resource_name_dns_aaaa_record_on_launch": false,
            "id": "subnet-0eff0a0aaf7557724",
            "ipv6_cidr_block": "",
            "ipv6_cidr_block_association_id": "",
            "ipv6_native": false,
            "map_customer_owned_ip_on_launch": false,
            "map_public_ip_on_launch": false,
            "outpost_arn": "",
            "owner_id": "506189848464",
            "private_dns_hostname_type_on_launch": "ip-name",
            "tags": {
              "Name": "caldera-test_private"
            },
            "tags_all": {
              "Name": "caldera-test_private"
            },
            "timeouts": null,
            "vpc_id": "vpc-0935926b392687b2a"
          },
          "sensitive_attributes": [],
          "private": "eyJlMmJmYjczMC1lY2FhLTExZTYtOGY4OC0zNDM2M2JjN2M0YzAiOnsiY3JlYXRlIjo2MDAwMDAwMDAwMDAsImRlbGV0ZSI6MTIwMDAwMDAwMDAwMH0sInNjaGVtYV92ZXJzaW9uIjoiMSJ9",
          "dependencies": [
            "module.vpc.aws_vpc.this",
            "module.vpc.aws_vpc_ipv4_cidr_block_association.this"
          ]
        },
        {
          "index_key": 4,
          "schema_version": 1,
          "attributes": {
            "arn": "arn:aws:ec2:us-east-1:506189848464:subnet/subnet-0610d8f23232de692",
            "assign_ipv6_address_on_creation": false,
            "availability_zone": "us-east-1f",
            "availability_zone_id": "use1-az5",
            "cidr_block": "172.23.160.0/22",
            "customer_owned_ipv4_pool": "",
            "enable_dns64": false,
            "enable_resource_name_dns_a_record_on_launch": false,
            "enable_resource_name_dns_aaaa_record_on_launch": false,
            "id": "subnet-0610d8f23232de692",
            "ipv6_cidr_block": "",
            "ipv6_cidr_block_association_id": "",
            "ipv6_native": false,
            "map_customer_owned_ip_on_launch": false,
            "map_public_ip_on_launch": false,
            "outpost_arn": "",
            "owner_id": "506189848464",
            "private_dns_hostname_type_on_launch": "ip-name",
            "tags": {
              "Name": "caldera-test_private"
            },
            "tags_all": {
              "Name": "caldera-test_private"
            },
            "timeouts": null,
            "vpc_id": "vpc-0935926b392687b2a"
          },
          "sensitive_attributes": [],
          "private": "eyJlMmJmYjczMC1lY2FhLTExZTYtOGY4OC0zNDM2M2JjN2M0YzAiOnsiY3JlYXRlIjo2MDAwMDAwMDAwMDAsImRlbGV0ZSI6MTIwMDAwMDAwMDAwMH0sInNjaGVtYV92ZXJzaW9uIjoiMSJ9",
          "dependencies": [
            "module.vpc.aws_vpc.this",
            "module.vpc.aws_vpc_ipv4_cidr_block_association.this"
          ]
        }
      ]
    },
    {
      "module": "module.vpc",
      "mode": "managed",
      "type": "aws_subnet",
      "name": "public",
      "provider": "provider[\"registry.terraform.io/hashicorp/aws\"]",
      "instances": [
        {
          "index_key": 0,
          "schema_version": 1,
          "attributes": {
            "arn": "arn:aws:ec2:us-east-1:506189848464:subnet/subnet-0b687ed72f8397735",
            "assign_ipv6_address_on_creation": false,
            "availability_zone": "us-east-1a",
            "availability_zone_id": "use1-az6",
            "cidr_block": "172.23.4.0/22",
            "customer_owned_ipv4_pool": "",
            "enable_dns64": false,
            "enable_resource_name_dns_a_record_on_launch": false,
            "enable_resource_name_dns_aaaa_record_on_launch": false,
            "id": "subnet-0b687ed72f8397735",
            "ipv6_cidr_block": "",
            "ipv6_cidr_block_association_id": "",
            "ipv6_native": false,
            "map_customer_owned_ip_on_launch": false,
            "map_public_ip_on_launch": true,
            "outpost_arn": "",
            "owner_id": "506189848464",
            "private_dns_hostname_type_on_launch": "ip-name",
            "tags": {
              "Name": "caldera-test_public"
            },
            "tags_all": {
              "Name": "caldera-test_public"
            },
            "timeouts": null,
            "vpc_id": "vpc-0935926b392687b2a"
          },
          "sensitive_attributes": [],
          "private": "eyJlMmJmYjczMC1lY2FhLTExZTYtOGY4OC0zNDM2M2JjN2M0YzAiOnsiY3JlYXRlIjo2MDAwMDAwMDAwMDAsImRlbGV0ZSI6MTIwMDAwMDAwMDAwMH0sInNjaGVtYV92ZXJzaW9uIjoiMSJ9",
          "dependencies": [
            "module.vpc.aws_vpc.this",
            "module.vpc.aws_vpc_ipv4_cidr_block_association.this"
          ]
        },
        {
          "index_key": 1,
          "schema_version": 1,
          "attributes": {
            "arn": "arn:aws:ec2:us-east-1:506189848464:subnet/subnet-0451a07860949a017",
            "assign_ipv6_address_on_creation": false,
            "availability_zone": "us-east-1b",
            "availability_zone_id": "use1-az1",
            "cidr_block": "172.23.36.0/22",
            "customer_owned_ipv4_pool": "",
            "enable_dns64": false,
            "enable_resource_name_dns_a_record_on_launch": false,
            "enable_resource_name_dns_aaaa_record_on_launch": false,
            "id": "subnet-0451a07860949a017",
            "ipv6_cidr_block": "",
            "ipv6_cidr_block_association_id": "",
            "ipv6_native": false,
            "map_customer_owned_ip_on_launch": false,
            "map_public_ip_on_launch": true,
            "outpost_arn": "",
            "owner_id": "506189848464",
            "private_dns_hostname_type_on_launch": "ip-name",
            "tags": {
              "Name": "caldera-test_public"
            },
            "tags_all": {
              "Name": "caldera-test_public"
            },
            "timeouts": null,
            "vpc_id": "vpc-0935926b392687b2a"
          },
          "sensitive_attributes": [],
          "private": "eyJlMmJmYjczMC1lY2FhLTExZTYtOGY4OC0zNDM2M2JjN2M0YzAiOnsiY3JlYXRlIjo2MDAwMDAwMDAwMDAsImRlbGV0ZSI6MTIwMDAwMDAwMDAwMH0sInNjaGVtYV92ZXJzaW9uIjoiMSJ9",
          "dependencies": [
            "module.vpc.aws_vpc.this",
            "module.vpc.aws_vpc_ipv4_cidr_block_association.this"
          ]
        },
        {
          "index_key": 2,
          "schema_version": 1,
          "attributes": {
            "arn": "arn:aws:ec2:us-east-1:506189848464:subnet/subnet-0b4c19c189e814724",
            "assign_ipv6_address_on_creation": false,
            "availability_zone": "us-east-1c",
            "availability_zone_id": "use1-az2",
            "cidr_block": "172.23.68.0/22",
            "customer_owned_ipv4_pool": "",
            "enable_dns64": false,
            "enable_resource_name_dns_a_record_on_launch": false,
            "enable_resource_name_dns_aaaa_record_on_launch": false,
            "id": "subnet-0b4c19c189e814724",
            "ipv6_cidr_block": "",
            "ipv6_cidr_block_association_id": "",
            "ipv6_native": false,
            "map_customer_owned_ip_on_launch": false,
            "map_public_ip_on_launch": true,
            "outpost_arn": "",
            "owner_id": "506189848464",
            "private_dns_hostname_type_on_launch": "ip-name",
            "tags": {
              "Name": "caldera-test_public"
            },
            "tags_all": {
              "Name": "caldera-test_public"
            },
            "timeouts": null,
            "vpc_id": "vpc-0935926b392687b2a"
          },
          "sensitive_attributes": [],
          "private": "eyJlMmJmYjczMC1lY2FhLTExZTYtOGY4OC0zNDM2M2JjN2M0YzAiOnsiY3JlYXRlIjo2MDAwMDAwMDAwMDAsImRlbGV0ZSI6MTIwMDAwMDAwMDAwMH0sInNjaGVtYV92ZXJzaW9uIjoiMSJ9",
          "dependencies": [
            "module.vpc.aws_vpc.this",
            "module.vpc.aws_vpc_ipv4_cidr_block_association.this"
          ]
        },
        {
          "index_key": 3,
          "schema_version": 1,
          "attributes": {
            "arn": "arn:aws:ec2:us-east-1:506189848464:subnet/subnet-0f459939202fce05f",
            "assign_ipv6_address_on_creation": false,
            "availability_zone": "us-east-1d",
            "availability_zone_id": "use1-az4",
            "cidr_block": "172.23.100.0/22",
            "customer_owned_ipv4_pool": "",
            "enable_dns64": false,
            "enable_resource_name_dns_a_record_on_launch": false,
            "enable_resource_name_dns_aaaa_record_on_launch": false,
            "id": "subnet-0f459939202fce05f",
            "ipv6_cidr_block": "",
            "ipv6_cidr_block_association_id": "",
            "ipv6_native": false,
            "map_customer_owned_ip_on_launch": false,
            "map_public_ip_on_launch": true,
            "outpost_arn": "",
            "owner_id": "506189848464",
            "private_dns_hostname_type_on_launch": "ip-name",
            "tags": {
              "Name": "caldera-test_public"
            },
            "tags_all": {
              "Name": "caldera-test_public"
            },
            "timeouts": null,
            "vpc_id": "vpc-0935926b392687b2a"
          },
          "sensitive_attributes": [],
          "private": "eyJlMmJmYjczMC1lY2FhLTExZTYtOGY4OC0zNDM2M2JjN2M0YzAiOnsiY3JlYXRlIjo2MDAwMDAwMDAwMDAsImRlbGV0ZSI6MTIwMDAwMDAwMDAwMH0sInNjaGVtYV92ZXJzaW9uIjoiMSJ9",
          "dependencies": [
            "module.vpc.aws_vpc.this",
            "module.vpc.aws_vpc_ipv4_cidr_block_association.this"
          ]
        },
        {
          "index_key": 4,
          "schema_version": 1,
          "attributes": {
            "arn": "arn:aws:ec2:us-east-1:506189848464:subnet/subnet-08865b84baa2acf61",
            "assign_ipv6_address_on_creation": false,
            "availability_zone": "us-east-1f",
            "availability_zone_id": "use1-az5",
            "cidr_block": "172.23.164.0/22",
            "customer_owned_ipv4_pool": "",
            "enable_dns64": false,
            "enable_resource_name_dns_a_record_on_launch": false,
            "enable_resource_name_dns_aaaa_record_on_launch": false,
            "id": "subnet-08865b84baa2acf61",
            "ipv6_cidr_block": "",
            "ipv6_cidr_block_association_id": "",
            "ipv6_native": false,
            "map_customer_owned_ip_on_launch": false,
            "map_public_ip_on_launch": true,
            "outpost_arn": "",
            "owner_id": "506189848464",
            "private_dns_hostname_type_on_launch": "ip-name",
            "tags": {
              "Name": "caldera-test_public"
            },
            "tags_all": {
              "Name": "caldera-test_public"
            },
            "timeouts": null,
            "vpc_id": "vpc-0935926b392687b2a"
          },
          "sensitive_attributes": [],
          "private": "eyJlMmJmYjczMC1lY2FhLTExZTYtOGY4OC0zNDM2M2JjN2M0YzAiOnsiY3JlYXRlIjo2MDAwMDAwMDAwMDAsImRlbGV0ZSI6MTIwMDAwMDAwMDAwMH0sInNjaGVtYV92ZXJzaW9uIjoiMSJ9",
          "dependencies": [
            "module.vpc.aws_vpc.this",
            "module.vpc.aws_vpc_ipv4_cidr_block_association.this"
          ]
        }
      ]
    },
    {
      "module": "module.vpc",
      "mode": "managed",
      "type": "aws_vpc",
      "name": "this",
      "provider": "provider[\"registry.terraform.io/hashicorp/aws\"]",
      "instances": [
        {
          "index_key": 0,
          "schema_version": 1,
          "attributes": {
            "arn": "arn:aws:ec2:us-east-1:506189848464:vpc/vpc-0935926b392687b2a",
            "assign_generated_ipv6_cidr_block": false,
            "cidr_block": "172.23.0.0/16",
            "default_network_acl_id": "acl-0c3e8f1d6b948e99f",
            "default_route_table_id": "rtb-0ad70d4c11585567b",
            "default_security_group_id": "sg-01066d4e229af3b5b",
            "dhcp_options_id": "dopt-03e44381f2638b278",
            "enable_classiclink": false,
            "enable_classiclink_dns_support": false,
            "enable_dns_hostnames": true,
            "enable_dns_support": true,
            "id": "vpc-0935926b392687b2a",
            "instance_tenancy": "default",
            "ipv4_ipam_pool_id": null,
            "ipv4_netmask_length": null,
            "ipv6_association_id": "",
            "ipv6_cidr_block": "",
            "ipv6_cidr_block_network_border_group": "",
            "ipv6_ipam_pool_id": "",
            "ipv6_netmask_length": 0,
            "main_route_table_id": "rtb-0ad70d4c11585567b",
            "owner_id": "506189848464",
            "tags": {
              "Name": "VPC"
            },
            "tags_all": {
              "Name": "VPC"
            }
          },
          "sensitive_attributes": [],
          "private": "eyJzY2hlbWFfdmVyc2lvbiI6IjEifQ=="
        }
      ]
    }
  ]
}
