{
  "version": 4,
  "terraform_version": "1.2.4",
  "serial": 115,
  "lineage": "e7f5f801-6444-0500-ed97-7e3dc8da6704",
  "outputs": {
    "caldera_server_ip": {
      "value": "54.159.20.224",
      "type": "string"
    },
    "linux_host_ip": {
      "value": "172.23.0.222",
      "type": "string"
    },
    "rsa_private_key": {
      "value": "-----BEGIN RSA PRIVATE KEY-----\nMIIJKQIBAAKCAgEAripBp60uEi8y5WR/N0ObcmJALDyBhW/BrMhnzraQZn5T1mer\nuw81QdWBIOYBuRvzlK3ZDbiOMrrXaQ6GSbJTE+Wfx6RL+D4hwnhxd6V+u2cMWiiK\nv/E8CnEYu+t/oDBTX/27Yp7jfbumqPxKR6YYr9kduHJ/rMF8nAB1tF5vHbmZ5CRw\nOU/Va/boQ8C/Kg/M4JDaeOBtww5X55ttC0ThlWi545i3oCkD48Chr1JSgy9VEBAo\ns4zPT9mIAMI90QxAclukKyBkPNHJhIUw1Q9bJhkULjqWStWwcGePJZcFO1c1AFjf\nHeRhizzUd94tldlqWDZNxzeozHGokDO8vDk1aW5fO1Q5ZSBTOvfd/1UsjHF3QaXy\nacj1Biq7Fd5Fn80BhFQj4IJ9akRkhUrJie/F1qf8+9i9vUVq8XVA+X5SaPlHRu2Z\nBMA483u5MfEpaoXFRcJfeaf8IDRmv4lHIhzJeYqvvTgGC0cj5XjTwgB8SnGHMd1c\nqGIm1TC3gvPDufWMbf/IIpaEeDwq6JxJO6RrnSEwdu1up5YyZx84QmMNujT2PZGg\nYSFsKVcaSMcrcVwzYP3wrddqdLZtdBU9XTKFETGkH7IU+G5XYPb0fMnlqCwU9F69\nqKtEipzdaoD3ba3/FvfXG72C9XdupXa/dt2efTYxKr+xCFdAFOYcc//HHdcCAwEA\nAQKCAgApG+ZFWrYuKp/bz13LwJR3akN1bY6w3VEcpG0EOMlat+S4Dd5WF9/dOzTw\ne/naJIPZCzPZbj96L+nabUg7KvE7GA8fw2L/JEM5sM4vjIueVlNvEHS3m4wtdsZ8\nzLhiKiXz2WMagyB1NA7BglNSGB1pnFjMiZIjR8RO2jjuKwAVRxLQ69zlWjeo9S2b\nmGpG1lXoh6hZsbeWu9L54xDZARgx+PcvhoOJNUUqw/Ql+stpFYoBcZ75ynnAgjr8\n2txWdIrds03LtCiUxnvHYNzG3YoJMxA1XTTOUyQDVB5QpBXjDNGA1HlNh/OSNvh7\nlqCx5xCX47F2HWglYYqFBwE8eFBnv5hSUeA2o1Jkp+x1IHQBXSbTKUA5j5r3a7He\nKdAljEwUHMuYUGGTmBbW7jceatQZWpYGB/MOZtgf1uaMjdnsQ1Ftw0UPI4j5NoNh\nFv1EW8/Ubzup78WfSPWwXaHwVUobsIhugYh1LADc5KHdXb+wcSQjs8FU8xvt3x3P\nWwXd8+p9VlUFjW4lLVKea88p2/fUpqUUCEkxGHrh4GPa8Sf4YejF1QanTS802Om3\nZMG66FCwleQnTsXQzZcL8dPfL13jJykU5QhaoDmjxakbhQMAZd706Jwq15Q+B0VV\nNlZbWKt2gU5ykXXNKdoF4pZijt2agDreqzoo1WGtx34ofmm+2QKCAQEAyvtfd0PX\nX40jrTcVhJgM5jAXSEMg0UCRd6vM5JZmdVkjBsi5EmiJrbzAM9W1ul05tooq6Zrl\nw2CBbqQpk2Pvwx9zdiGl5HReOryTS850XkOOdgz3oAdg+QsSHo9QHShuUJ1ZfGSl\n6iK/7sPTN7b0vdNdu6hylmi2JiD/5ZPfNygAItxb9ZRIU6B+91tB4yz/fl315i0U\niuoufBUZh9BXUqEeRWHrUP68B40Svq7DM+z+5qmOBNKhHt8TOuHcxOHqZ4KYdwE4\naJNO2zqtCOJbthLW2ZmD+Tfn10wDbfbxtmMlojUF78Lr4w9KMS4Ch5/tBcsdmYtH\nIon7mqcR2BjjAwKCAQEA26gCjUyHKFadogvt0jdcuM1COotX3V3JgNg2KgUGmFrX\nFcniFJUq1XgTHkyr2I8WRVBRPaCtJMK37osliWpkZ7nBe46Q2AaimdzmwugFekQq\nVK2TVZiEaAIkBRWOQj+8GCkT8x7giBTgAf+dgDfV8doLHCSRVsIX6GtHDPmjvNiN\nBzLGJCl8sGR8b+Vs1gTdghem64hQ5vk1lnLSc+QtUPYmiH3fFiQUjiXjoHCjVVhb\ndizoM69zBUNzfU3dahg2T9yEXakx/Mq0/1RP6MFoz9kgY+i5YMIWiqnOBBCod7hJ\n5Ks9LQSXLjYFWseiWuxi2NBhvz9KBqV21AHafdT3nQKCAQEArGGopJfHy40IlG0o\naA/dPIvw6dygfTURlQkhG6wi3VvS5EsI6XpAGn0m2Z6QE/JiNgTHBtcWc8N8iGMA\nL/z6PMJ0Awn2Ybr133oQuZtetkM3NEg08AH0N+xP+gYJqomQjgPjYEH1qY7TY0mJ\nElLdLGzZuKoIjnXk4yK5T9YyBhyBaRmtOzUv611tFlK49N5dKItRbqYwQP06dwRQ\nR0gHMNRF6fSLrKB5PQxws+GlQ27s1yV9x9i9HoOiSCpSnB2kPT3qj35I0n7vxDzj\ngJ0D9++t6OR38OmqiewzKWtDwXoYFtZi8UifnZh5kKSbX2TRHU9vFtvykIGQXLmv\n7M7N0wKCAQBXORgKU+E3u21M87+0Qhenqpop9TsmxB9H8pNPjD9aMHhIRqpn0fP4\nYH33AisbC3akf4hDGJKojknLh6WYM487QR/7mFkb70aSIo3fx5KlQnwss+BVlQK+\n6lqzSiP7WqOuVGF/oTs3zlJFeONqDsH+D79ppXuxH9GukSrdlCPY0YTu3tKfeXnx\n8XUYWdomAjiTeCDoVnEJxtvoqh+3tVvpUlVqzdDQUfN3nsQM6a1yLmvjOWHbZEgg\nRvCNSWYqwwKOI9rL9mvLHhNRcIFqw6KDJo0eH0O9kFSzK0qLgrHjGGL/UqAwSCpg\nR0NJEQz/Xe7CebzW3KLgkMPm2/WPEgphAoIBAQC6OUUT15YrAnqgHfQGa+D9K8K7\nisWwM+vOz82hiB3dplWZfocAiqUsdVlS+tRahVBrW8G8SZ7yqMZGdvjhUGjG+gga\nLmGPmPgyM9u/Xb207lUuM33yw2swCH6eV2uZedDP1+AE1tTPYUPIfnYFSXoHn9uR\nVgaM187zxIcyWb6PHB4m2q4e8qPZ3qtxQ8mKJ3aNmbLvPyyi80VpfL74n2flRvCk\n+HdLsq5FTyaIcH8IGy76xmcPwYe6YzZtq6eiAjJhivDqA1rlpPP4ufPAgW/s63FJ\nYVIo6z0B13vcOQnInWbPCrtQDqKimDojVJnR0VmOviynshT6hUOOi0qlkzPU\n-----END RSA PRIVATE KEY-----\n",
      "type": "string"
    },
    "windows_host_ip": {
      "value": "172.23.6.235",
      "type": "string"
    }
  },
  "resources": [
    {
      "mode": "managed",
      "type": "aws_instance",
      "name": "caldera_server",
      "provider": "provider[\"registry.terraform.io/hashicorp/aws\"]",
      "instances": [
        {
          "schema_version": 1,
          "attributes": {
            "ami": "ami-09d56f8956ab235b3",
            "arn": "arn:aws:ec2:us-east-1:152329264931:instance/i-079261b9287ffa22b",
            "associate_public_ip_address": true,
            "availability_zone": "us-east-1a",
            "capacity_reservation_specification": [
              {
                "capacity_reservation_preference": "open",
                "capacity_reservation_target": []
              }
            ],
            "cpu_core_count": 1,
            "cpu_threads_per_core": 2,
            "credit_specification": [
              {
                "cpu_credits": "unlimited"
              }
            ],
            "disable_api_stop": false,
            "disable_api_termination": false,
            "ebs_block_device": [],
            "ebs_optimized": false,
            "enclave_options": [
              {
                "enabled": false
              }
            ],
            "ephemeral_block_device": [],
            "get_password_data": false,
            "hibernation": false,
            "host_id": null,
            "iam_instance_profile": "",
            "id": "i-079261b9287ffa22b",
            "instance_initiated_shutdown_behavior": "stop",
            "instance_state": "running",
            "instance_type": "t3.medium",
            "ipv6_address_count": 0,
            "ipv6_addresses": [],
            "key_name": "caldera-nodes",
            "launch_template": [],
            "maintenance_options": [
              {
                "auto_recovery": "default"
              }
            ],
            "metadata_options": [
              {
                "http_endpoint": "enabled",
                "http_put_response_hop_limit": 1,
                "http_tokens": "optional",
                "instance_metadata_tags": "disabled"
              }
            ],
            "monitoring": false,
            "network_interface": [],
            "outpost_arn": "",
            "password_data": "",
            "placement_group": "",
            "placement_partition_number": null,
            "primary_network_interface_id": "eni-0ddc7235eaf959c81",
            "private_dns": "ip-172-23-6-95.ec2.internal",
            "private_dns_name_options": [
              {
                "enable_resource_name_dns_a_record": false,
                "enable_resource_name_dns_aaaa_record": false,
                "hostname_type": "ip-name"
              }
            ],
            "private_ip": "172.23.6.95",
            "public_dns": "ec2-54-159-20-224.compute-1.amazonaws.com",
            "public_ip": "54.159.20.224",
            "root_block_device": [
              {
                "delete_on_termination": true,
                "device_name": "/dev/sda1",
                "encrypted": false,
                "iops": 100,
                "kms_key_id": "",
                "tags": {},
                "throughput": 0,
                "volume_id": "vol-0ea9db6248efbf6b8",
                "volume_size": 8,
                "volume_type": "gp2"
              }
            ],
            "secondary_private_ips": [],
            "security_groups": [],
            "source_dest_check": true,
            "subnet_id": "subnet-06c1052ca5ffc5188",
            "tags": {
              "Name": "caldera_server",
              "environment": "caldera-test"
            },
            "tags_all": {
              "Name": "caldera_server",
              "environment": "caldera-test"
            },
            "tenancy": "default",
            "timeouts": null,
            "user_data": null,
            "user_data_base64": null,
            "user_data_replace_on_change": false,
            "volume_tags": null,
            "vpc_security_group_ids": [
              "sg-022889fba2868b306"
            ]
          },
          "sensitive_attributes": [],
          "private": "eyJlMmJmYjczMC1lY2FhLTExZTYtOGY4OC0zNDM2M2JjN2M0YzAiOnsiY3JlYXRlIjo2MDAwMDAwMDAwMDAsImRlbGV0ZSI6MTIwMDAwMDAwMDAwMCwidXBkYXRlIjo2MDAwMDAwMDAwMDB9LCJzY2hlbWFfdmVyc2lvbiI6IjEifQ==",
          "dependencies": [
            "aws_security_group.sg_caldera_server",
            "module.aws_rsa_key.aws_key_pair.worker",
            "module.aws_rsa_key.local_file.ssh_local",
            "module.aws_rsa_key.tls_private_key.ssh_key",
            "module.vpc.aws_cloudwatch_log_group.flow_log",
            "module.vpc.aws_customer_gateway.this",
            "module.vpc.aws_db_subnet_group.database",
            "module.vpc.aws_default_network_acl.this",
            "module.vpc.aws_default_route_table.default",
            "module.vpc.aws_default_security_group.this",
            "module.vpc.aws_default_vpc.this",
            "module.vpc.aws_egress_only_internet_gateway.this",
            "module.vpc.aws_eip.nat",
            "module.vpc.aws_elasticache_subnet_group.elasticache",
            "module.vpc.aws_flow_log.this",
            "module.vpc.aws_iam_policy.vpc_flow_log_cloudwatch",
            "module.vpc.aws_iam_role.vpc_flow_log_cloudwatch",
            "module.vpc.aws_iam_role_policy_attachment.vpc_flow_log_cloudwatch",
            "module.vpc.aws_internet_gateway.this",
            "module.vpc.aws_nat_gateway.this",
            "module.vpc.aws_network_acl.database",
            "module.vpc.aws_network_acl.elasticache",
            "module.vpc.aws_network_acl.intra",
            "module.vpc.aws_network_acl.outpost",
            "module.vpc.aws_network_acl.private",
            "module.vpc.aws_network_acl.public",
            "module.vpc.aws_network_acl.redshift",
            "module.vpc.aws_network_acl_rule.database_inbound",
            "module.vpc.aws_network_acl_rule.database_outbound",
            "module.vpc.aws_network_acl_rule.elasticache_inbound",
            "module.vpc.aws_network_acl_rule.elasticache_outbound",
            "module.vpc.aws_network_acl_rule.intra_inbound",
            "module.vpc.aws_network_acl_rule.intra_outbound",
            "module.vpc.aws_network_acl_rule.outpost_inbound",
            "module.vpc.aws_network_acl_rule.outpost_outbound",
            "module.vpc.aws_network_acl_rule.private_inbound",
            "module.vpc.aws_network_acl_rule.private_outbound",
            "module.vpc.aws_network_acl_rule.public_inbound",
            "module.vpc.aws_network_acl_rule.public_outbound",
            "module.vpc.aws_network_acl_rule.redshift_inbound",
            "module.vpc.aws_network_acl_rule.redshift_outbound",
            "module.vpc.aws_redshift_subnet_group.redshift",
            "module.vpc.aws_route.database_internet_gateway",
            "module.vpc.aws_route.database_ipv6_egress",
            "module.vpc.aws_route.database_nat_gateway",
            "module.vpc.aws_route.private_ipv6_egress",
            "module.vpc.aws_route.private_nat_gateway",
            "module.vpc.aws_route.public_internet_gateway",
            "module.vpc.aws_route.public_internet_gateway_ipv6",
            "module.vpc.aws_route_table.database",
            "module.vpc.aws_route_table.elasticache",
            "module.vpc.aws_route_table.intra",
            "module.vpc.aws_route_table.private",
            "module.vpc.aws_route_table.public",
            "module.vpc.aws_route_table.redshift",
            "module.vpc.aws_route_table_association.database",
            "module.vpc.aws_route_table_association.elasticache",
            "module.vpc.aws_route_table_association.intra",
            "module.vpc.aws_route_table_association.outpost",
            "module.vpc.aws_route_table_association.private",
            "module.vpc.aws_route_table_association.public",
            "module.vpc.aws_route_table_association.redshift",
            "module.vpc.aws_route_table_association.redshift_public",
            "module.vpc.aws_subnet.database",
            "module.vpc.aws_subnet.elasticache",
            "module.vpc.aws_subnet.intra",
            "module.vpc.aws_subnet.outpost",
            "module.vpc.aws_subnet.private",
            "module.vpc.aws_subnet.public",
            "module.vpc.aws_subnet.redshift",
            "module.vpc.aws_vpc.this",
            "module.vpc.aws_vpc_dhcp_options.this",
            "module.vpc.aws_vpc_dhcp_options_association.this",
            "module.vpc.aws_vpc_ipv4_cidr_block_association.this",
            "module.vpc.aws_vpn_gateway.this",
            "module.vpc.aws_vpn_gateway_attachment.this",
            "module.vpc.aws_vpn_gateway_route_propagation.intra",
            "module.vpc.aws_vpn_gateway_route_propagation.private",
            "module.vpc.aws_vpn_gateway_route_propagation.public",
            "module.vpc.data.aws_iam_policy_document.flow_log_cloudwatch_assume_role",
            "module.vpc.data.aws_iam_policy_document.vpc_flow_log_cloudwatch"
          ]
        }
      ]
    },
    {
      "mode": "managed",
      "type": "aws_instance",
      "name": "linux_host",
      "provider": "provider[\"registry.terraform.io/hashicorp/aws\"]",
      "instances": [
        {
          "schema_version": 1,
          "attributes": {
            "ami": "ami-09d56f8956ab235b3",
            "arn": "arn:aws:ec2:us-east-1:152329264931:instance/i-0a9021a7101e9c406",
            "associate_public_ip_address": false,
            "availability_zone": "us-east-1a",
            "capacity_reservation_specification": [
              {
                "capacity_reservation_preference": "open",
                "capacity_reservation_target": []
              }
            ],
            "cpu_core_count": 1,
            "cpu_threads_per_core": 1,
            "credit_specification": [
              {
                "cpu_credits": "standard"
              }
            ],
            "disable_api_stop": false,
            "disable_api_termination": false,
            "ebs_block_device": [],
            "ebs_optimized": false,
            "enclave_options": [
              {
                "enabled": false
              }
            ],
            "ephemeral_block_device": [],
            "get_password_data": false,
            "hibernation": false,
            "host_id": null,
            "iam_instance_profile": "",
            "id": "i-0a9021a7101e9c406",
            "instance_initiated_shutdown_behavior": "stop",
            "instance_state": "running",
            "instance_type": "t2.small",
            "ipv6_address_count": 0,
            "ipv6_addresses": [],
            "key_name": "caldera-nodes",
            "launch_template": [],
            "maintenance_options": [
              {
                "auto_recovery": "default"
              }
            ],
            "metadata_options": [
              {
                "http_endpoint": "enabled",
                "http_put_response_hop_limit": 1,
                "http_tokens": "optional",
                "instance_metadata_tags": "disabled"
              }
            ],
            "monitoring": false,
            "network_interface": [],
            "outpost_arn": "",
            "password_data": "",
            "placement_group": "",
            "placement_partition_number": null,
            "primary_network_interface_id": "eni-00fcf993a503db997",
            "private_dns": "ip-172-23-0-222.ec2.internal",
            "private_dns_name_options": [
              {
                "enable_resource_name_dns_a_record": false,
                "enable_resource_name_dns_aaaa_record": false,
                "hostname_type": "ip-name"
              }
            ],
            "private_ip": "172.23.0.222",
            "public_dns": "",
            "public_ip": "",
            "root_block_device": [
              {
                "delete_on_termination": true,
                "device_name": "/dev/sda1",
                "encrypted": false,
                "iops": 100,
                "kms_key_id": "",
                "tags": {},
                "throughput": 0,
                "volume_id": "vol-0af27646ce4c0a806",
                "volume_size": 8,
                "volume_type": "gp2"
              }
            ],
            "secondary_private_ips": [],
            "security_groups": [],
            "source_dest_check": true,
            "subnet_id": "subnet-05d977fdbdceaeb98",
            "tags": {
              "Name": "linux_host",
              "environment": "caldera-test"
            },
            "tags_all": {
              "Name": "linux_host",
              "environment": "caldera-test"
            },
            "tenancy": "default",
            "timeouts": null,
            "user_data": null,
            "user_data_base64": null,
            "user_data_replace_on_change": false,
            "volume_tags": null,
            "vpc_security_group_ids": [
              "sg-07e406ee35c1c430e"
            ]
          },
          "sensitive_attributes": [],
          "private": "eyJlMmJmYjczMC1lY2FhLTExZTYtOGY4OC0zNDM2M2JjN2M0YzAiOnsiY3JlYXRlIjo2MDAwMDAwMDAwMDAsImRlbGV0ZSI6MTIwMDAwMDAwMDAwMCwidXBkYXRlIjo2MDAwMDAwMDAwMDB9LCJzY2hlbWFfdmVyc2lvbiI6IjEifQ==",
          "dependencies": [
            "aws_instance.caldera_server",
            "aws_security_group.sg_caldera_linux",
            "aws_security_group.sg_caldera_server",
            "module.aws_rsa_key.aws_key_pair.worker",
            "module.aws_rsa_key.local_file.ssh_local",
            "module.aws_rsa_key.tls_private_key.ssh_key",
            "module.vpc.aws_cloudwatch_log_group.flow_log",
            "module.vpc.aws_customer_gateway.this",
            "module.vpc.aws_db_subnet_group.database",
            "module.vpc.aws_default_network_acl.this",
            "module.vpc.aws_default_route_table.default",
            "module.vpc.aws_default_security_group.this",
            "module.vpc.aws_default_vpc.this",
            "module.vpc.aws_egress_only_internet_gateway.this",
            "module.vpc.aws_eip.nat",
            "module.vpc.aws_elasticache_subnet_group.elasticache",
            "module.vpc.aws_flow_log.this",
            "module.vpc.aws_iam_policy.vpc_flow_log_cloudwatch",
            "module.vpc.aws_iam_role.vpc_flow_log_cloudwatch",
            "module.vpc.aws_iam_role_policy_attachment.vpc_flow_log_cloudwatch",
            "module.vpc.aws_internet_gateway.this",
            "module.vpc.aws_nat_gateway.this",
            "module.vpc.aws_network_acl.database",
            "module.vpc.aws_network_acl.elasticache",
            "module.vpc.aws_network_acl.intra",
            "module.vpc.aws_network_acl.outpost",
            "module.vpc.aws_network_acl.private",
            "module.vpc.aws_network_acl.public",
            "module.vpc.aws_network_acl.redshift",
            "module.vpc.aws_network_acl_rule.database_inbound",
            "module.vpc.aws_network_acl_rule.database_outbound",
            "module.vpc.aws_network_acl_rule.elasticache_inbound",
            "module.vpc.aws_network_acl_rule.elasticache_outbound",
            "module.vpc.aws_network_acl_rule.intra_inbound",
            "module.vpc.aws_network_acl_rule.intra_outbound",
            "module.vpc.aws_network_acl_rule.outpost_inbound",
            "module.vpc.aws_network_acl_rule.outpost_outbound",
            "module.vpc.aws_network_acl_rule.private_inbound",
            "module.vpc.aws_network_acl_rule.private_outbound",
            "module.vpc.aws_network_acl_rule.public_inbound",
            "module.vpc.aws_network_acl_rule.public_outbound",
            "module.vpc.aws_network_acl_rule.redshift_inbound",
            "module.vpc.aws_network_acl_rule.redshift_outbound",
            "module.vpc.aws_redshift_subnet_group.redshift",
            "module.vpc.aws_route.database_internet_gateway",
            "module.vpc.aws_route.database_ipv6_egress",
            "module.vpc.aws_route.database_nat_gateway",
            "module.vpc.aws_route.private_ipv6_egress",
            "module.vpc.aws_route.private_nat_gateway",
            "module.vpc.aws_route.public_internet_gateway",
            "module.vpc.aws_route.public_internet_gateway_ipv6",
            "module.vpc.aws_route_table.database",
            "module.vpc.aws_route_table.elasticache",
            "module.vpc.aws_route_table.intra",
            "module.vpc.aws_route_table.private",
            "module.vpc.aws_route_table.public",
            "module.vpc.aws_route_table.redshift",
            "module.vpc.aws_route_table_association.database",
            "module.vpc.aws_route_table_association.elasticache",
            "module.vpc.aws_route_table_association.intra",
            "module.vpc.aws_route_table_association.outpost",
            "module.vpc.aws_route_table_association.private",
            "module.vpc.aws_route_table_association.public",
            "module.vpc.aws_route_table_association.redshift",
            "module.vpc.aws_route_table_association.redshift_public",
            "module.vpc.aws_subnet.database",
            "module.vpc.aws_subnet.elasticache",
            "module.vpc.aws_subnet.intra",
            "module.vpc.aws_subnet.outpost",
            "module.vpc.aws_subnet.private",
            "module.vpc.aws_subnet.public",
            "module.vpc.aws_subnet.redshift",
            "module.vpc.aws_vpc.this",
            "module.vpc.aws_vpc_dhcp_options.this",
            "module.vpc.aws_vpc_dhcp_options_association.this",
            "module.vpc.aws_vpc_ipv4_cidr_block_association.this",
            "module.vpc.aws_vpn_gateway.this",
            "module.vpc.aws_vpn_gateway_attachment.this",
            "module.vpc.aws_vpn_gateway_route_propagation.intra",
            "module.vpc.aws_vpn_gateway_route_propagation.private",
            "module.vpc.aws_vpn_gateway_route_propagation.public",
            "module.vpc.data.aws_iam_policy_document.flow_log_cloudwatch_assume_role",
            "module.vpc.data.aws_iam_policy_document.vpc_flow_log_cloudwatch"
          ]
        }
      ]
    },
    {
      "mode": "managed",
      "type": "aws_instance",
      "name": "windows_host",
      "provider": "provider[\"registry.terraform.io/hashicorp/aws\"]",
      "instances": [
        {
          "schema_version": 1,
          "attributes": {
            "ami": "ami-0193dcf9aa4f5654e",
            "arn": "arn:aws:ec2:us-east-1:152329264931:instance/i-0c7a11365e6e60d6b",
            "associate_public_ip_address": true,
            "availability_zone": "us-east-1a",
            "capacity_reservation_specification": [
              {
                "capacity_reservation_preference": "open",
                "capacity_reservation_target": []
              }
            ],
            "cpu_core_count": 1,
            "cpu_threads_per_core": 2,
            "credit_specification": [
              {
                "cpu_credits": "unlimited"
              }
            ],
            "disable_api_stop": false,
            "disable_api_termination": false,
            "ebs_block_device": [],
            "ebs_optimized": false,
            "enclave_options": [
              {
                "enabled": false
              }
            ],
            "ephemeral_block_device": [],
            "get_password_data": false,
            "hibernation": false,
            "host_id": null,
            "iam_instance_profile": "",
            "id": "i-0c7a11365e6e60d6b",
            "instance_initiated_shutdown_behavior": "stop",
            "instance_state": "running",
            "instance_type": "t3.medium",
            "ipv6_address_count": 0,
            "ipv6_addresses": [],
            "key_name": "caldera-nodes",
            "launch_template": [],
            "maintenance_options": [
              {
                "auto_recovery": "default"
              }
            ],
            "metadata_options": [
              {
                "http_endpoint": "enabled",
                "http_put_response_hop_limit": 1,
                "http_tokens": "optional",
                "instance_metadata_tags": "disabled"
              }
            ],
            "monitoring": false,
            "network_interface": [],
            "outpost_arn": "",
            "password_data": "",
            "placement_group": "",
            "placement_partition_number": null,
            "primary_network_interface_id": "eni-0fc54e3a85a05ec9f",
            "private_dns": "ip-172-23-6-235.ec2.internal",
            "private_dns_name_options": [
              {
                "enable_resource_name_dns_a_record": false,
                "enable_resource_name_dns_aaaa_record": false,
                "hostname_type": "ip-name"
              }
            ],
            "private_ip": "172.23.6.235",
            "public_dns": "ec2-54-144-207-97.compute-1.amazonaws.com",
            "public_ip": "54.144.207.97",
            "root_block_device": [
              {
                "delete_on_termination": true,
                "device_name": "/dev/sda1",
                "encrypted": false,
                "iops": 100,
                "kms_key_id": "",
                "tags": {},
                "throughput": 0,
                "volume_id": "vol-04fcd02dce1ecd3d4",
                "volume_size": 30,
                "volume_type": "gp2"
              }
            ],
            "secondary_private_ips": [],
            "security_groups": [],
            "source_dest_check": true,
            "subnet_id": "subnet-06c1052ca5ffc5188",
            "tags": {
              "Name": "windows_host",
              "environment": "caldera-test"
            },
            "tags_all": {
              "Name": "windows_host",
              "environment": "caldera-test"
            },
            "tenancy": "default",
            "timeouts": null,
            "user_data": "fdf71b3ecd056bac9fc1e159853d4219097c69cc",
            "user_data_base64": null,
            "user_data_replace_on_change": false,
            "volume_tags": null,
            "vpc_security_group_ids": [
              "sg-055dc62c2a10cdb7a"
            ]
          },
          "sensitive_attributes": [],
          "private": "eyJlMmJmYjczMC1lY2FhLTExZTYtOGY4OC0zNDM2M2JjN2M0YzAiOnsiY3JlYXRlIjo2MDAwMDAwMDAwMDAsImRlbGV0ZSI6MTIwMDAwMDAwMDAwMCwidXBkYXRlIjo2MDAwMDAwMDAwMDB9LCJzY2hlbWFfdmVyc2lvbiI6IjEifQ==",
          "dependencies": [
            "aws_instance.caldera_server",
            "aws_security_group.sg_caldera_server",
            "aws_security_group.sg_caldera_windows",
            "module.aws_rsa_key.aws_key_pair.worker",
            "module.aws_rsa_key.local_file.ssh_local",
            "module.aws_rsa_key.tls_private_key.ssh_key",
            "module.vpc.aws_cloudwatch_log_group.flow_log",
            "module.vpc.aws_customer_gateway.this",
            "module.vpc.aws_db_subnet_group.database",
            "module.vpc.aws_default_network_acl.this",
            "module.vpc.aws_default_route_table.default",
            "module.vpc.aws_default_security_group.this",
            "module.vpc.aws_default_vpc.this",
            "module.vpc.aws_egress_only_internet_gateway.this",
            "module.vpc.aws_eip.nat",
            "module.vpc.aws_elasticache_subnet_group.elasticache",
            "module.vpc.aws_flow_log.this",
            "module.vpc.aws_iam_policy.vpc_flow_log_cloudwatch",
            "module.vpc.aws_iam_role.vpc_flow_log_cloudwatch",
            "module.vpc.aws_iam_role_policy_attachment.vpc_flow_log_cloudwatch",
            "module.vpc.aws_internet_gateway.this",
            "module.vpc.aws_nat_gateway.this",
            "module.vpc.aws_network_acl.database",
            "module.vpc.aws_network_acl.elasticache",
            "module.vpc.aws_network_acl.intra",
            "module.vpc.aws_network_acl.outpost",
            "module.vpc.aws_network_acl.private",
            "module.vpc.aws_network_acl.public",
            "module.vpc.aws_network_acl.redshift",
            "module.vpc.aws_network_acl_rule.database_inbound",
            "module.vpc.aws_network_acl_rule.database_outbound",
            "module.vpc.aws_network_acl_rule.elasticache_inbound",
            "module.vpc.aws_network_acl_rule.elasticache_outbound",
            "module.vpc.aws_network_acl_rule.intra_inbound",
            "module.vpc.aws_network_acl_rule.intra_outbound",
            "module.vpc.aws_network_acl_rule.outpost_inbound",
            "module.vpc.aws_network_acl_rule.outpost_outbound",
            "module.vpc.aws_network_acl_rule.private_inbound",
            "module.vpc.aws_network_acl_rule.private_outbound",
            "module.vpc.aws_network_acl_rule.public_inbound",
            "module.vpc.aws_network_acl_rule.public_outbound",
            "module.vpc.aws_network_acl_rule.redshift_inbound",
            "module.vpc.aws_network_acl_rule.redshift_outbound",
            "module.vpc.aws_redshift_subnet_group.redshift",
            "module.vpc.aws_route.database_internet_gateway",
            "module.vpc.aws_route.database_ipv6_egress",
            "module.vpc.aws_route.database_nat_gateway",
            "module.vpc.aws_route.private_ipv6_egress",
            "module.vpc.aws_route.private_nat_gateway",
            "module.vpc.aws_route.public_internet_gateway",
            "module.vpc.aws_route.public_internet_gateway_ipv6",
            "module.vpc.aws_route_table.database",
            "module.vpc.aws_route_table.elasticache",
            "module.vpc.aws_route_table.intra",
            "module.vpc.aws_route_table.private",
            "module.vpc.aws_route_table.public",
            "module.vpc.aws_route_table.redshift",
            "module.vpc.aws_route_table_association.database",
            "module.vpc.aws_route_table_association.elasticache",
            "module.vpc.aws_route_table_association.intra",
            "module.vpc.aws_route_table_association.outpost",
            "module.vpc.aws_route_table_association.private",
            "module.vpc.aws_route_table_association.public",
            "module.vpc.aws_route_table_association.redshift",
            "module.vpc.aws_route_table_association.redshift_public",
            "module.vpc.aws_subnet.database",
            "module.vpc.aws_subnet.elasticache",
            "module.vpc.aws_subnet.intra",
            "module.vpc.aws_subnet.outpost",
            "module.vpc.aws_subnet.private",
            "module.vpc.aws_subnet.public",
            "module.vpc.aws_subnet.redshift",
            "module.vpc.aws_vpc.this",
            "module.vpc.aws_vpc_dhcp_options.this",
            "module.vpc.aws_vpc_dhcp_options_association.this",
            "module.vpc.aws_vpc_ipv4_cidr_block_association.this",
            "module.vpc.aws_vpn_gateway.this",
            "module.vpc.aws_vpn_gateway_attachment.this",
            "module.vpc.aws_vpn_gateway_route_propagation.intra",
            "module.vpc.aws_vpn_gateway_route_propagation.private",
            "module.vpc.aws_vpn_gateway_route_propagation.public",
            "module.vpc.data.aws_iam_policy_document.flow_log_cloudwatch_assume_role",
            "module.vpc.data.aws_iam_policy_document.vpc_flow_log_cloudwatch"
          ]
        }
      ]
    },
    {
      "mode": "managed",
      "type": "aws_security_group",
      "name": "sg_caldera_linux",
      "provider": "provider[\"registry.terraform.io/hashicorp/aws\"]",
      "instances": [
        {
          "schema_version": 1,
          "attributes": {
            "arn": "arn:aws:ec2:us-east-1:152329264931:security-group/sg-07e406ee35c1c430e",
            "description": "Allow ssh access for linux host",
            "egress": [
              {
                "cidr_blocks": [
                  "0.0.0.0/0"
                ],
                "description": "",
                "from_port": 0,
                "ipv6_cidr_blocks": [],
                "prefix_list_ids": [],
                "protocol": "-1",
                "security_groups": [],
                "self": false,
                "to_port": 0
              }
            ],
            "id": "sg-07e406ee35c1c430e",
            "ingress": [
              {
                "cidr_blocks": [
                  "172.23.0.0/16"
                ],
                "description": "SSH port",
                "from_port": 22,
                "ipv6_cidr_blocks": [],
                "prefix_list_ids": [],
                "protocol": "tcp",
                "security_groups": [],
                "self": false,
                "to_port": 22
              }
            ],
            "name": "sg_caldera_linux",
            "name_prefix": "",
            "owner_id": "152329264931",
            "revoke_rules_on_delete": false,
            "tags": {
              "environment": "caldera-test"
            },
            "tags_all": {
              "environment": "caldera-test"
            },
            "timeouts": null,
            "vpc_id": "vpc-01322c3c2d962b477"
          },
          "sensitive_attributes": [],
          "private": "eyJlMmJmYjczMC1lY2FhLTExZTYtOGY4OC0zNDM2M2JjN2M0YzAiOnsiY3JlYXRlIjo2MDAwMDAwMDAwMDAsImRlbGV0ZSI6OTAwMDAwMDAwMDAwfSwic2NoZW1hX3ZlcnNpb24iOiIxIn0=",
          "dependencies": [
            "module.vpc.aws_vpc.this"
          ]
        }
      ]
    },
    {
      "mode": "managed",
      "type": "aws_security_group",
      "name": "sg_caldera_server",
      "provider": "provider[\"registry.terraform.io/hashicorp/aws\"]",
      "instances": [
        {
          "schema_version": 1,
          "attributes": {
            "arn": "arn:aws:ec2:us-east-1:152329264931:security-group/sg-022889fba2868b306",
            "description": "Allow ports for caldera server",
            "egress": [
              {
                "cidr_blocks": [
                  "0.0.0.0/0"
                ],
                "description": "",
                "from_port": 0,
                "ipv6_cidr_blocks": [],
                "prefix_list_ids": [],
                "protocol": "-1",
                "security_groups": [],
                "self": false,
                "to_port": 0
              }
            ],
            "id": "sg-022889fba2868b306",
            "ingress": [
              {
                "cidr_blocks": [
                  "0.0.0.0/0"
                ],
                "description": "Caldera server port",
                "from_port": 2288,
                "ipv6_cidr_blocks": [],
                "prefix_list_ids": [],
                "protocol": "tcp",
                "security_groups": [],
                "self": false,
                "to_port": 2288
              },
              {
                "cidr_blocks": [
                  "0.0.0.0/0"
                ],
                "description": "SSH from VPC",
                "from_port": 22,
                "ipv6_cidr_blocks": [],
                "prefix_list_ids": [],
                "protocol": "tcp",
                "security_groups": [],
                "self": false,
                "to_port": 22
              }
            ],
            "name": "sg_caldera_server",
            "name_prefix": "",
            "owner_id": "152329264931",
            "revoke_rules_on_delete": false,
            "tags": {
              "environment": "caldera-test"
            },
            "tags_all": {
              "environment": "caldera-test"
            },
            "timeouts": null,
            "vpc_id": "vpc-01322c3c2d962b477"
          },
          "sensitive_attributes": [],
          "private": "eyJlMmJmYjczMC1lY2FhLTExZTYtOGY4OC0zNDM2M2JjN2M0YzAiOnsiY3JlYXRlIjo2MDAwMDAwMDAwMDAsImRlbGV0ZSI6OTAwMDAwMDAwMDAwfSwic2NoZW1hX3ZlcnNpb24iOiIxIn0=",
          "dependencies": [
            "module.vpc.aws_vpc.this"
          ]
        }
      ]
    },
    {
      "mode": "managed",
      "type": "aws_security_group",
      "name": "sg_caldera_windows",
      "provider": "provider[\"registry.terraform.io/hashicorp/aws\"]",
      "instances": [
        {
          "schema_version": 1,
          "attributes": {
            "arn": "arn:aws:ec2:us-east-1:152329264931:security-group/sg-055dc62c2a10cdb7a",
            "description": "Allow RDP for windows host",
            "egress": [
              {
                "cidr_blocks": [
                  "0.0.0.0/0"
                ],
                "description": "",
                "from_port": 0,
                "ipv6_cidr_blocks": [],
                "prefix_list_ids": [],
                "protocol": "-1",
                "security_groups": [],
                "self": false,
                "to_port": 0
              }
            ],
            "id": "sg-055dc62c2a10cdb7a",
            "ingress": [
              {
                "cidr_blocks": [
                  "0.0.0.0/0"
                ],
                "description": "RDP port",
                "from_port": 3389,
                "ipv6_cidr_blocks": [],
                "prefix_list_ids": [],
                "protocol": "tcp",
                "security_groups": [],
                "self": false,
                "to_port": 3389
              }
            ],
            "name": "sg_caldera_windows",
            "name_prefix": "",
            "owner_id": "152329264931",
            "revoke_rules_on_delete": false,
            "tags": {
              "environment": "caldera-test"
            },
            "tags_all": {
              "environment": "caldera-test"
            },
            "timeouts": null,
            "vpc_id": "vpc-01322c3c2d962b477"
          },
          "sensitive_attributes": [],
          "private": "eyJlMmJmYjczMC1lY2FhLTExZTYtOGY4OC0zNDM2M2JjN2M0YzAiOnsiY3JlYXRlIjo2MDAwMDAwMDAwMDAsImRlbGV0ZSI6OTAwMDAwMDAwMDAwfSwic2NoZW1hX3ZlcnNpb24iOiIxIn0=",
          "dependencies": [
            "module.vpc.aws_vpc.this"
          ]
        }
      ]
    },
    {
      "module": "module.aws_rsa_key",
      "mode": "managed",
      "type": "aws_key_pair",
      "name": "worker",
      "provider": "provider[\"registry.terraform.io/hashicorp/aws\"]",
      "instances": [
        {
          "schema_version": 1,
          "attributes": {
            "arn": "arn:aws:ec2:us-east-1:152329264931:key-pair/caldera-nodes",
            "fingerprint": "df:ca:b5:65:8b:32:7b:e8:0c:90:fb:69:e7:ef:71:76",
            "id": "caldera-nodes",
            "key_name": "caldera-nodes",
            "key_name_prefix": "",
            "key_pair_id": "key-03f4eab86c5ae793f",
            "key_type": "rsa",
            "public_key": "ssh-rsa AAAAB3NzaC1yc2EAAAADAQABAAACAQCuKkGnrS4SLzLlZH83Q5tyYkAsPIGFb8GsyGfOtpBmflPWZ6u7DzVB1YEg5gG5G/OUrdkNuI4yutdpDoZJslMT5Z/HpEv4PiHCeHF3pX67ZwxaKIq/8TwKcRi763+gMFNf/btinuN9u6ao/EpHphiv2R24cn+swXycAHW0Xm8duZnkJHA5T9Vr9uhDwL8qD8zgkNp44G3DDlfnm20LROGVaLnjmLegKQPjwKGvUlKDL1UQECizjM9P2YgAwj3RDEByW6QrIGQ80cmEhTDVD1smGRQuOpZK1bBwZ48llwU7VzUAWN8d5GGLPNR33i2V2WpYNk3HN6jMcaiQM7y8OTVpbl87VDllIFM6993/VSyMcXdBpfJpyPUGKrsV3kWfzQGEVCPggn1qRGSFSsmJ78XWp/z72L29RWrxdUD5flJo+UdG7ZkEwDjze7kx8SlqhcVFwl95p/wgNGa/iUciHMl5iq+9OAYLRyPleNPCAHxKcYcx3VyoYibVMLeC88O59Yxt/8giloR4PCronEk7pGudITB27W6nljJnHzhCYw26NPY9kaBhIWwpVxpIxytxXDNg/fCt12p0tm10FT1dMoURMaQfshT4bldg9vR8yeWoLBT0Xr2oq0SKnN1qgPdtrf8W99cbvYL1d26ldr923Z59NjEqv7EIV0AU5hxz/8cd1w==",
            "tags": {},
            "tags_all": {}
          },
          "sensitive_attributes": [],
          "private": "eyJzY2hlbWFfdmVyc2lvbiI6IjEifQ==",
          "dependencies": [
            "module.aws_rsa_key.tls_private_key.ssh_key",
            "module.vpc.aws_cloudwatch_log_group.flow_log",
            "module.vpc.aws_customer_gateway.this",
            "module.vpc.aws_db_subnet_group.database",
            "module.vpc.aws_default_network_acl.this",
            "module.vpc.aws_default_route_table.default",
            "module.vpc.aws_default_security_group.this",
            "module.vpc.aws_default_vpc.this",
            "module.vpc.aws_egress_only_internet_gateway.this",
            "module.vpc.aws_eip.nat",
            "module.vpc.aws_elasticache_subnet_group.elasticache",
            "module.vpc.aws_flow_log.this",
            "module.vpc.aws_iam_policy.vpc_flow_log_cloudwatch",
            "module.vpc.aws_iam_role.vpc_flow_log_cloudwatch",
            "module.vpc.aws_iam_role_policy_attachment.vpc_flow_log_cloudwatch",
            "module.vpc.aws_internet_gateway.this",
            "module.vpc.aws_nat_gateway.this",
            "module.vpc.aws_network_acl.database",
            "module.vpc.aws_network_acl.elasticache",
            "module.vpc.aws_network_acl.intra",
            "module.vpc.aws_network_acl.outpost",
            "module.vpc.aws_network_acl.private",
            "module.vpc.aws_network_acl.public",
            "module.vpc.aws_network_acl.redshift",
            "module.vpc.aws_network_acl_rule.database_inbound",
            "module.vpc.aws_network_acl_rule.database_outbound",
            "module.vpc.aws_network_acl_rule.elasticache_inbound",
            "module.vpc.aws_network_acl_rule.elasticache_outbound",
            "module.vpc.aws_network_acl_rule.intra_inbound",
            "module.vpc.aws_network_acl_rule.intra_outbound",
            "module.vpc.aws_network_acl_rule.outpost_inbound",
            "module.vpc.aws_network_acl_rule.outpost_outbound",
            "module.vpc.aws_network_acl_rule.private_inbound",
            "module.vpc.aws_network_acl_rule.private_outbound",
            "module.vpc.aws_network_acl_rule.public_inbound",
            "module.vpc.aws_network_acl_rule.public_outbound",
            "module.vpc.aws_network_acl_rule.redshift_inbound",
            "module.vpc.aws_network_acl_rule.redshift_outbound",
            "module.vpc.aws_redshift_subnet_group.redshift",
            "module.vpc.aws_route.database_internet_gateway",
            "module.vpc.aws_route.database_ipv6_egress",
            "module.vpc.aws_route.database_nat_gateway",
            "module.vpc.aws_route.private_ipv6_egress",
            "module.vpc.aws_route.private_nat_gateway",
            "module.vpc.aws_route.public_internet_gateway",
            "module.vpc.aws_route.public_internet_gateway_ipv6",
            "module.vpc.aws_route_table.database",
            "module.vpc.aws_route_table.elasticache",
            "module.vpc.aws_route_table.intra",
            "module.vpc.aws_route_table.private",
            "module.vpc.aws_route_table.public",
            "module.vpc.aws_route_table.redshift",
            "module.vpc.aws_route_table_association.database",
            "module.vpc.aws_route_table_association.elasticache",
            "module.vpc.aws_route_table_association.intra",
            "module.vpc.aws_route_table_association.outpost",
            "module.vpc.aws_route_table_association.private",
            "module.vpc.aws_route_table_association.public",
            "module.vpc.aws_route_table_association.redshift",
            "module.vpc.aws_route_table_association.redshift_public",
            "module.vpc.aws_subnet.database",
            "module.vpc.aws_subnet.elasticache",
            "module.vpc.aws_subnet.intra",
            "module.vpc.aws_subnet.outpost",
            "module.vpc.aws_subnet.private",
            "module.vpc.aws_subnet.public",
            "module.vpc.aws_subnet.redshift",
            "module.vpc.aws_vpc.this",
            "module.vpc.aws_vpc_dhcp_options.this",
            "module.vpc.aws_vpc_dhcp_options_association.this",
            "module.vpc.aws_vpc_ipv4_cidr_block_association.this",
            "module.vpc.aws_vpn_gateway.this",
            "module.vpc.aws_vpn_gateway_attachment.this",
            "module.vpc.aws_vpn_gateway_route_propagation.intra",
            "module.vpc.aws_vpn_gateway_route_propagation.private",
            "module.vpc.aws_vpn_gateway_route_propagation.public",
            "module.vpc.data.aws_iam_policy_document.flow_log_cloudwatch_assume_role",
            "module.vpc.data.aws_iam_policy_document.vpc_flow_log_cloudwatch"
          ]
        }
      ]
    },
    {
      "module": "module.aws_rsa_key",
      "mode": "managed",
      "type": "tls_private_key",
      "name": "ssh_key",
      "provider": "provider[\"registry.terraform.io/hashicorp/tls\"]",
      "instances": [
        {
          "schema_version": 1,
          "attributes": {
            "algorithm": "RSA",
            "ecdsa_curve": "P224",
            "id": "1dcc5f806b5413e816cf8b45327d91e3956ac2d2",
            "private_key_openssh": "-----BEGIN OPENSSH PRIVATE KEY-----\nb3BlbnNzaC1rZXktdjEAAAAABG5vbmUAAAAEbm9uZQAAAAAAAAABAAACFwAAAAdz\nc2gtcnNhAAAAAwEAAQAAAgEAripBp60uEi8y5WR/N0ObcmJALDyBhW/BrMhnzraQ\nZn5T1meruw81QdWBIOYBuRvzlK3ZDbiOMrrXaQ6GSbJTE+Wfx6RL+D4hwnhxd6V+\nu2cMWiiKv/E8CnEYu+t/oDBTX/27Yp7jfbumqPxKR6YYr9kduHJ/rMF8nAB1tF5v\nHbmZ5CRwOU/Va/boQ8C/Kg/M4JDaeOBtww5X55ttC0ThlWi545i3oCkD48Chr1JS\ngy9VEBAos4zPT9mIAMI90QxAclukKyBkPNHJhIUw1Q9bJhkULjqWStWwcGePJZcF\nO1c1AFjfHeRhizzUd94tldlqWDZNxzeozHGokDO8vDk1aW5fO1Q5ZSBTOvfd/1Us\njHF3QaXyacj1Biq7Fd5Fn80BhFQj4IJ9akRkhUrJie/F1qf8+9i9vUVq8XVA+X5S\naPlHRu2ZBMA483u5MfEpaoXFRcJfeaf8IDRmv4lHIhzJeYqvvTgGC0cj5XjTwgB8\nSnGHMd1cqGIm1TC3gvPDufWMbf/IIpaEeDwq6JxJO6RrnSEwdu1up5YyZx84QmMN\nujT2PZGgYSFsKVcaSMcrcVwzYP3wrddqdLZtdBU9XTKFETGkH7IU+G5XYPb0fMnl\nqCwU9F69qKtEipzdaoD3ba3/FvfXG72C9XdupXa/dt2efTYxKr+xCFdAFOYcc//H\nHdcAAAc440r5TONK+UwAAAAHc3NoLXJzYQAAAgEAripBp60uEi8y5WR/N0ObcmJA\nLDyBhW/BrMhnzraQZn5T1meruw81QdWBIOYBuRvzlK3ZDbiOMrrXaQ6GSbJTE+Wf\nx6RL+D4hwnhxd6V+u2cMWiiKv/E8CnEYu+t/oDBTX/27Yp7jfbumqPxKR6YYr9kd\nuHJ/rMF8nAB1tF5vHbmZ5CRwOU/Va/boQ8C/Kg/M4JDaeOBtww5X55ttC0ThlWi5\n45i3oCkD48Chr1JSgy9VEBAos4zPT9mIAMI90QxAclukKyBkPNHJhIUw1Q9bJhkU\nLjqWStWwcGePJZcFO1c1AFjfHeRhizzUd94tldlqWDZNxzeozHGokDO8vDk1aW5f\nO1Q5ZSBTOvfd/1UsjHF3QaXyacj1Biq7Fd5Fn80BhFQj4IJ9akRkhUrJie/F1qf8\n+9i9vUVq8XVA+X5SaPlHRu2ZBMA483u5MfEpaoXFRcJfeaf8IDRmv4lHIhzJeYqv\nvTgGC0cj5XjTwgB8SnGHMd1cqGIm1TC3gvPDufWMbf/IIpaEeDwq6JxJO6RrnSEw\ndu1up5YyZx84QmMNujT2PZGgYSFsKVcaSMcrcVwzYP3wrddqdLZtdBU9XTKFETGk\nH7IU+G5XYPb0fMnlqCwU9F69qKtEipzdaoD3ba3/FvfXG72C9XdupXa/dt2efTYx\nKr+xCFdAFOYcc//HHdcAAAADAQABAAACACkb5kVati4qn9vPXcvAlHdqQ3VtjrDd\nURykbQQ4yVq35LgN3lYX3907NPB7+dokg9kLM9luP3ov6dptSDsq8TsYDx/DYv8k\nQzmwzi+Mi55WU28QdLebjC12xnzMuGIqJfPZYxqDIHU0DsGCU1IYHWmcWMyJkiNH\nxE7aOO4rABVHEtDr3OVaN6j1LZuYakbWVeiHqFmxt5a70vnjENkBGDH49y+Gg4k1\nRSrD9CX6y2kVigFxnvnKecCCOvza3FZ0it2zTcu0KJTGe8dg3MbdigkzEDVdNM5T\nJANUHlCkFeMM0YDUeU2H85I2+HuWoLHnEJfjsXYdaCVhioUHATx4UGe/mFJR4Daj\nUmSn7HUgdAFdJtMpQDmPmvdrsd4p0CWMTBQcy5hQYZOYFtbuNx5q1BlalgYH8w5m\n2B/W5oyN2exDUW3DRQ8jiPk2g2EW/URbz9RvO6nvxZ9I9bBdofBVShuwiG6BiHUs\nANzkod1dv7BxJCOzwVTzG+3fHc9bBd3z6n1WVQWNbiUtUp5rzynb99SmpRQISTEY\neuHgY9rxJ/hh6MXVBqdNLzTY6bdkwbroULCV5CdOxdDNlwvx098vXeMnKRTlCFqg\nOaPFqRuFAwBl3vTonCrXlD4HRVU2VltYq3aBTnKRdc0p2gXilmKO3ZqAOt6rOijV\nYa3Hfih+ab7ZAAABAQC6OUUT15YrAnqgHfQGa+D9K8K7isWwM+vOz82hiB3dplWZ\nfocAiqUsdVlS+tRahVBrW8G8SZ7yqMZGdvjhUGjG+ggaLmGPmPgyM9u/Xb207lUu\nM33yw2swCH6eV2uZedDP1+AE1tTPYUPIfnYFSXoHn9uRVgaM187zxIcyWb6PHB4m\n2q4e8qPZ3qtxQ8mKJ3aNmbLvPyyi80VpfL74n2flRvCk+HdLsq5FTyaIcH8IGy76\nxmcPwYe6YzZtq6eiAjJhivDqA1rlpPP4ufPAgW/s63FJYVIo6z0B13vcOQnInWbP\nCrtQDqKimDojVJnR0VmOviynshT6hUOOi0qlkzPUAAABAQDK+193Q9dfjSOtNxWE\nmAzmMBdIQyDRQJF3q8zklmZ1WSMGyLkSaImtvMAz1bW6XTm2iirpmuXDYIFupCmT\nY+/DH3N2IaXkdF46vJNLznReQ452DPegB2D5CxIej1AdKG5QnVl8ZKXqIr/uw9M3\ntvS90127qHKWaLYmIP/lk983KAAi3Fv1lEhToH73W0HjLP9+XfXmLRSK6i58FRmH\n0FdSoR5FYetQ/rwHjRK+rsMz7P7mqY4E0qEe3xM64dzE4epngph3AThok07bOq0I\n4lu2EtbZmYP5N+fXTANt9vG2YyWiNQXvwuvjD0oxLgKHn+0Fyx2Zi0ciifuapxHY\nGOMDAAABAQDbqAKNTIcoVp2iC+3SN1y4zUI6i1fdXcmA2DYqBQaYWtcVyeIUlSrV\neBMeTKvYjxZFUFE9oK0kwrfuiyWJamRnucF7jpDYBqKZ3ObC6AV6RCpUrZNVmIRo\nAiQFFY5CP7wYKRPzHuCIFOAB/52AN9Xx2gscJJFWwhfoa0cM+aO82I0HMsYkKXyw\nZHxv5WzWBN2CF6briFDm+TWWctJz5C1Q9iaIfd8WJBSOJeOgcKNVWFt2LOgzr3MF\nQ3N9Td1qGDZP3IRdqTH8yrT/VE/owWjP2SBj6LlgwhaKqc4EEKh3uEnkqz0tBJcu\nNgVax6Ja7GLY0GG/P0oGpXbUAdp91PedAAAAAAEC\n-----END OPENSSH PRIVATE KEY-----\n",
            "private_key_pem": "-----BEGIN RSA PRIVATE KEY-----\nMIIJKQIBAAKCAgEAripBp60uEi8y5WR/N0ObcmJALDyBhW/BrMhnzraQZn5T1mer\nuw81QdWBIOYBuRvzlK3ZDbiOMrrXaQ6GSbJTE+Wfx6RL+D4hwnhxd6V+u2cMWiiK\nv/E8CnEYu+t/oDBTX/27Yp7jfbumqPxKR6YYr9kduHJ/rMF8nAB1tF5vHbmZ5CRw\nOU/Va/boQ8C/Kg/M4JDaeOBtww5X55ttC0ThlWi545i3oCkD48Chr1JSgy9VEBAo\ns4zPT9mIAMI90QxAclukKyBkPNHJhIUw1Q9bJhkULjqWStWwcGePJZcFO1c1AFjf\nHeRhizzUd94tldlqWDZNxzeozHGokDO8vDk1aW5fO1Q5ZSBTOvfd/1UsjHF3QaXy\nacj1Biq7Fd5Fn80BhFQj4IJ9akRkhUrJie/F1qf8+9i9vUVq8XVA+X5SaPlHRu2Z\nBMA483u5MfEpaoXFRcJfeaf8IDRmv4lHIhzJeYqvvTgGC0cj5XjTwgB8SnGHMd1c\nqGIm1TC3gvPDufWMbf/IIpaEeDwq6JxJO6RrnSEwdu1up5YyZx84QmMNujT2PZGg\nYSFsKVcaSMcrcVwzYP3wrddqdLZtdBU9XTKFETGkH7IU+G5XYPb0fMnlqCwU9F69\nqKtEipzdaoD3ba3/FvfXG72C9XdupXa/dt2efTYxKr+xCFdAFOYcc//HHdcCAwEA\nAQKCAgApG+ZFWrYuKp/bz13LwJR3akN1bY6w3VEcpG0EOMlat+S4Dd5WF9/dOzTw\ne/naJIPZCzPZbj96L+nabUg7KvE7GA8fw2L/JEM5sM4vjIueVlNvEHS3m4wtdsZ8\nzLhiKiXz2WMagyB1NA7BglNSGB1pnFjMiZIjR8RO2jjuKwAVRxLQ69zlWjeo9S2b\nmGpG1lXoh6hZsbeWu9L54xDZARgx+PcvhoOJNUUqw/Ql+stpFYoBcZ75ynnAgjr8\n2txWdIrds03LtCiUxnvHYNzG3YoJMxA1XTTOUyQDVB5QpBXjDNGA1HlNh/OSNvh7\nlqCx5xCX47F2HWglYYqFBwE8eFBnv5hSUeA2o1Jkp+x1IHQBXSbTKUA5j5r3a7He\nKdAljEwUHMuYUGGTmBbW7jceatQZWpYGB/MOZtgf1uaMjdnsQ1Ftw0UPI4j5NoNh\nFv1EW8/Ubzup78WfSPWwXaHwVUobsIhugYh1LADc5KHdXb+wcSQjs8FU8xvt3x3P\nWwXd8+p9VlUFjW4lLVKea88p2/fUpqUUCEkxGHrh4GPa8Sf4YejF1QanTS802Om3\nZMG66FCwleQnTsXQzZcL8dPfL13jJykU5QhaoDmjxakbhQMAZd706Jwq15Q+B0VV\nNlZbWKt2gU5ykXXNKdoF4pZijt2agDreqzoo1WGtx34ofmm+2QKCAQEAyvtfd0PX\nX40jrTcVhJgM5jAXSEMg0UCRd6vM5JZmdVkjBsi5EmiJrbzAM9W1ul05tooq6Zrl\nw2CBbqQpk2Pvwx9zdiGl5HReOryTS850XkOOdgz3oAdg+QsSHo9QHShuUJ1ZfGSl\n6iK/7sPTN7b0vdNdu6hylmi2JiD/5ZPfNygAItxb9ZRIU6B+91tB4yz/fl315i0U\niuoufBUZh9BXUqEeRWHrUP68B40Svq7DM+z+5qmOBNKhHt8TOuHcxOHqZ4KYdwE4\naJNO2zqtCOJbthLW2ZmD+Tfn10wDbfbxtmMlojUF78Lr4w9KMS4Ch5/tBcsdmYtH\nIon7mqcR2BjjAwKCAQEA26gCjUyHKFadogvt0jdcuM1COotX3V3JgNg2KgUGmFrX\nFcniFJUq1XgTHkyr2I8WRVBRPaCtJMK37osliWpkZ7nBe46Q2AaimdzmwugFekQq\nVK2TVZiEaAIkBRWOQj+8GCkT8x7giBTgAf+dgDfV8doLHCSRVsIX6GtHDPmjvNiN\nBzLGJCl8sGR8b+Vs1gTdghem64hQ5vk1lnLSc+QtUPYmiH3fFiQUjiXjoHCjVVhb\ndizoM69zBUNzfU3dahg2T9yEXakx/Mq0/1RP6MFoz9kgY+i5YMIWiqnOBBCod7hJ\n5Ks9LQSXLjYFWseiWuxi2NBhvz9KBqV21AHafdT3nQKCAQEArGGopJfHy40IlG0o\naA/dPIvw6dygfTURlQkhG6wi3VvS5EsI6XpAGn0m2Z6QE/JiNgTHBtcWc8N8iGMA\nL/z6PMJ0Awn2Ybr133oQuZtetkM3NEg08AH0N+xP+gYJqomQjgPjYEH1qY7TY0mJ\nElLdLGzZuKoIjnXk4yK5T9YyBhyBaRmtOzUv611tFlK49N5dKItRbqYwQP06dwRQ\nR0gHMNRF6fSLrKB5PQxws+GlQ27s1yV9x9i9HoOiSCpSnB2kPT3qj35I0n7vxDzj\ngJ0D9++t6OR38OmqiewzKWtDwXoYFtZi8UifnZh5kKSbX2TRHU9vFtvykIGQXLmv\n7M7N0wKCAQBXORgKU+E3u21M87+0Qhenqpop9TsmxB9H8pNPjD9aMHhIRqpn0fP4\nYH33AisbC3akf4hDGJKojknLh6WYM487QR/7mFkb70aSIo3fx5KlQnwss+BVlQK+\n6lqzSiP7WqOuVGF/oTs3zlJFeONqDsH+D79ppXuxH9GukSrdlCPY0YTu3tKfeXnx\n8XUYWdomAjiTeCDoVnEJxtvoqh+3tVvpUlVqzdDQUfN3nsQM6a1yLmvjOWHbZEgg\nRvCNSWYqwwKOI9rL9mvLHhNRcIFqw6KDJo0eH0O9kFSzK0qLgrHjGGL/UqAwSCpg\nR0NJEQz/Xe7CebzW3KLgkMPm2/WPEgphAoIBAQC6OUUT15YrAnqgHfQGa+D9K8K7\nisWwM+vOz82hiB3dplWZfocAiqUsdVlS+tRahVBrW8G8SZ7yqMZGdvjhUGjG+gga\nLmGPmPgyM9u/Xb207lUuM33yw2swCH6eV2uZedDP1+AE1tTPYUPIfnYFSXoHn9uR\nVgaM187zxIcyWb6PHB4m2q4e8qPZ3qtxQ8mKJ3aNmbLvPyyi80VpfL74n2flRvCk\n+HdLsq5FTyaIcH8IGy76xmcPwYe6YzZtq6eiAjJhivDqA1rlpPP4ufPAgW/s63FJ\nYVIo6z0B13vcOQnInWbPCrtQDqKimDojVJnR0VmOviynshT6hUOOi0qlkzPU\n-----END RSA PRIVATE KEY-----\n",
            "private_key_pem_pkcs8": "-----BEGIN PRIVATE KEY-----\nMIIJQwIBADANBgkqhkiG9w0BAQEFAASCCS0wggkpAgEAAoICAQCuKkGnrS4SLzLl\nZH83Q5tyYkAsPIGFb8GsyGfOtpBmflPWZ6u7DzVB1YEg5gG5G/OUrdkNuI4yutdp\nDoZJslMT5Z/HpEv4PiHCeHF3pX67ZwxaKIq/8TwKcRi763+gMFNf/btinuN9u6ao\n/EpHphiv2R24cn+swXycAHW0Xm8duZnkJHA5T9Vr9uhDwL8qD8zgkNp44G3DDlfn\nm20LROGVaLnjmLegKQPjwKGvUlKDL1UQECizjM9P2YgAwj3RDEByW6QrIGQ80cmE\nhTDVD1smGRQuOpZK1bBwZ48llwU7VzUAWN8d5GGLPNR33i2V2WpYNk3HN6jMcaiQ\nM7y8OTVpbl87VDllIFM6993/VSyMcXdBpfJpyPUGKrsV3kWfzQGEVCPggn1qRGSF\nSsmJ78XWp/z72L29RWrxdUD5flJo+UdG7ZkEwDjze7kx8SlqhcVFwl95p/wgNGa/\niUciHMl5iq+9OAYLRyPleNPCAHxKcYcx3VyoYibVMLeC88O59Yxt/8giloR4PCro\nnEk7pGudITB27W6nljJnHzhCYw26NPY9kaBhIWwpVxpIxytxXDNg/fCt12p0tm10\nFT1dMoURMaQfshT4bldg9vR8yeWoLBT0Xr2oq0SKnN1qgPdtrf8W99cbvYL1d26l\ndr923Z59NjEqv7EIV0AU5hxz/8cd1wIDAQABAoICACkb5kVati4qn9vPXcvAlHdq\nQ3VtjrDdURykbQQ4yVq35LgN3lYX3907NPB7+dokg9kLM9luP3ov6dptSDsq8TsY\nDx/DYv8kQzmwzi+Mi55WU28QdLebjC12xnzMuGIqJfPZYxqDIHU0DsGCU1IYHWmc\nWMyJkiNHxE7aOO4rABVHEtDr3OVaN6j1LZuYakbWVeiHqFmxt5a70vnjENkBGDH4\n9y+Gg4k1RSrD9CX6y2kVigFxnvnKecCCOvza3FZ0it2zTcu0KJTGe8dg3Mbdigkz\nEDVdNM5TJANUHlCkFeMM0YDUeU2H85I2+HuWoLHnEJfjsXYdaCVhioUHATx4UGe/\nmFJR4DajUmSn7HUgdAFdJtMpQDmPmvdrsd4p0CWMTBQcy5hQYZOYFtbuNx5q1Bla\nlgYH8w5m2B/W5oyN2exDUW3DRQ8jiPk2g2EW/URbz9RvO6nvxZ9I9bBdofBVShuw\niG6BiHUsANzkod1dv7BxJCOzwVTzG+3fHc9bBd3z6n1WVQWNbiUtUp5rzynb99Sm\npRQISTEYeuHgY9rxJ/hh6MXVBqdNLzTY6bdkwbroULCV5CdOxdDNlwvx098vXeMn\nKRTlCFqgOaPFqRuFAwBl3vTonCrXlD4HRVU2VltYq3aBTnKRdc0p2gXilmKO3ZqA\nOt6rOijVYa3Hfih+ab7ZAoIBAQDK+193Q9dfjSOtNxWEmAzmMBdIQyDRQJF3q8zk\nlmZ1WSMGyLkSaImtvMAz1bW6XTm2iirpmuXDYIFupCmTY+/DH3N2IaXkdF46vJNL\nznReQ452DPegB2D5CxIej1AdKG5QnVl8ZKXqIr/uw9M3tvS90127qHKWaLYmIP/l\nk983KAAi3Fv1lEhToH73W0HjLP9+XfXmLRSK6i58FRmH0FdSoR5FYetQ/rwHjRK+\nrsMz7P7mqY4E0qEe3xM64dzE4epngph3AThok07bOq0I4lu2EtbZmYP5N+fXTANt\n9vG2YyWiNQXvwuvjD0oxLgKHn+0Fyx2Zi0ciifuapxHYGOMDAoIBAQDbqAKNTIco\nVp2iC+3SN1y4zUI6i1fdXcmA2DYqBQaYWtcVyeIUlSrVeBMeTKvYjxZFUFE9oK0k\nwrfuiyWJamRnucF7jpDYBqKZ3ObC6AV6RCpUrZNVmIRoAiQFFY5CP7wYKRPzHuCI\nFOAB/52AN9Xx2gscJJFWwhfoa0cM+aO82I0HMsYkKXywZHxv5WzWBN2CF6briFDm\n+TWWctJz5C1Q9iaIfd8WJBSOJeOgcKNVWFt2LOgzr3MFQ3N9Td1qGDZP3IRdqTH8\nyrT/VE/owWjP2SBj6LlgwhaKqc4EEKh3uEnkqz0tBJcuNgVax6Ja7GLY0GG/P0oG\npXbUAdp91PedAoIBAQCsYaikl8fLjQiUbShoD908i/Dp3KB9NRGVCSEbrCLdW9Lk\nSwjpekAafSbZnpAT8mI2BMcG1xZzw3yIYwAv/Po8wnQDCfZhuvXfehC5m162Qzc0\nSDTwAfQ37E/6BgmqiZCOA+NgQfWpjtNjSYkSUt0sbNm4qgiOdeTjIrlP1jIGHIFp\nGa07NS/rXW0WUrj03l0oi1FupjBA/Tp3BFBHSAcw1EXp9IusoHk9DHCz4aVDbuzX\nJX3H2L0eg6JIKlKcHaQ9PeqPfkjSfu/EPOOAnQP3763o5Hfw6aqJ7DMpa0PBehgW\n1mLxSJ+dmHmQpJtfZNEdT28W2/KQgZBcua/szs3TAoIBAFc5GApT4Te7bUzzv7RC\nF6eqmin1OybEH0fyk0+MP1oweEhGqmfR8/hgffcCKxsLdqR/iEMYkqiOScuHpZgz\njztBH/uYWRvvRpIijd/HkqVCfCyz4FWVAr7qWrNKI/tao65UYX+hOzfOUkV442oO\nwf4Pv2mle7Ef0a6RKt2UI9jRhO7e0p95efHxdRhZ2iYCOJN4IOhWcQnG2+iqH7e1\nW+lSVWrN0NBR83eexAzprXIua+M5YdtkSCBG8I1JZirDAo4j2sv2a8seE1FwgWrD\nooMmjR4fQ72QVLMrSouCseMYYv9SoDBIKmBHQ0kRDP9d7sJ5vNbcouCQw+bb9Y8S\nCmECggEBALo5RRPXlisCeqAd9AZr4P0rwruKxbAz687PzaGIHd2mVZl+hwCKpSx1\nWVL61FqFUGtbwbxJnvKoxkZ2+OFQaMb6CBouYY+Y+DIz279dvbTuVS4zffLDazAI\nfp5Xa5l50M/X4ATW1M9hQ8h+dgVJegef25FWBozXzvPEhzJZvo8cHibarh7yo9ne\nq3FDyYondo2Zsu8/LKLzRWl8vvifZ+VG8KT4d0uyrkVPJohwfwgbLvrGZw/Bh7pj\nNm2rp6ICMmGK8OoDWuWk8/i588CBb+zrcUlhUijrPQHXe9w5CcidZs8Ku1AOoqKY\nOiNUmdHRWY6+LKeyFPqFQ46LSqWTM9Q=\n-----END PRIVATE KEY-----\n",
            "public_key_fingerprint_md5": "db:91:b5:31:f7:7b:5e:51:db:65:57:d5:7e:6e:1a:06",
            "public_key_fingerprint_sha256": "SHA256:mbKx8mU+/5sbOoPaZ98e4dVaaZ481SFRTri04c0oTlw",
            "public_key_openssh": "ssh-rsa AAAAB3NzaC1yc2EAAAADAQABAAACAQCuKkGnrS4SLzLlZH83Q5tyYkAsPIGFb8GsyGfOtpBmflPWZ6u7DzVB1YEg5gG5G/OUrdkNuI4yutdpDoZJslMT5Z/HpEv4PiHCeHF3pX67ZwxaKIq/8TwKcRi763+gMFNf/btinuN9u6ao/EpHphiv2R24cn+swXycAHW0Xm8duZnkJHA5T9Vr9uhDwL8qD8zgkNp44G3DDlfnm20LROGVaLnjmLegKQPjwKGvUlKDL1UQECizjM9P2YgAwj3RDEByW6QrIGQ80cmEhTDVD1smGRQuOpZK1bBwZ48llwU7VzUAWN8d5GGLPNR33i2V2WpYNk3HN6jMcaiQM7y8OTVpbl87VDllIFM6993/VSyMcXdBpfJpyPUGKrsV3kWfzQGEVCPggn1qRGSFSsmJ78XWp/z72L29RWrxdUD5flJo+UdG7ZkEwDjze7kx8SlqhcVFwl95p/wgNGa/iUciHMl5iq+9OAYLRyPleNPCAHxKcYcx3VyoYibVMLeC88O59Yxt/8giloR4PCronEk7pGudITB27W6nljJnHzhCYw26NPY9kaBhIWwpVxpIxytxXDNg/fCt12p0tm10FT1dMoURMaQfshT4bldg9vR8yeWoLBT0Xr2oq0SKnN1qgPdtrf8W99cbvYL1d26ldr923Z59NjEqv7EIV0AU5hxz/8cd1w==\n",
            "public_key_pem": "-----BEGIN PUBLIC KEY-----\nMIICIjANBgkqhkiG9w0BAQEFAAOCAg8AMIICCgKCAgEAripBp60uEi8y5WR/N0Ob\ncmJALDyBhW/BrMhnzraQZn5T1meruw81QdWBIOYBuRvzlK3ZDbiOMrrXaQ6GSbJT\nE+Wfx6RL+D4hwnhxd6V+u2cMWiiKv/E8CnEYu+t/oDBTX/27Yp7jfbumqPxKR6YY\nr9kduHJ/rMF8nAB1tF5vHbmZ5CRwOU/Va/boQ8C/Kg/M4JDaeOBtww5X55ttC0Th\nlWi545i3oCkD48Chr1JSgy9VEBAos4zPT9mIAMI90QxAclukKyBkPNHJhIUw1Q9b\nJhkULjqWStWwcGePJZcFO1c1AFjfHeRhizzUd94tldlqWDZNxzeozHGokDO8vDk1\naW5fO1Q5ZSBTOvfd/1UsjHF3QaXyacj1Biq7Fd5Fn80BhFQj4IJ9akRkhUrJie/F\n1qf8+9i9vUVq8XVA+X5SaPlHRu2ZBMA483u5MfEpaoXFRcJfeaf8IDRmv4lHIhzJ\neYqvvTgGC0cj5XjTwgB8SnGHMd1cqGIm1TC3gvPDufWMbf/IIpaEeDwq6JxJO6Rr\nnSEwdu1up5YyZx84QmMNujT2PZGgYSFsKVcaSMcrcVwzYP3wrddqdLZtdBU9XTKF\nETGkH7IU+G5XYPb0fMnlqCwU9F69qKtEipzdaoD3ba3/FvfXG72C9XdupXa/dt2e\nfTYxKr+xCFdAFOYcc//HHdcCAwEAAQ==\n-----END PUBLIC KEY-----\n",
            "rsa_bits": 4096
          },
          "sensitive_attributes": [],
          "dependencies": [
            "module.vpc.aws_cloudwatch_log_group.flow_log",
            "module.vpc.aws_customer_gateway.this",
            "module.vpc.aws_db_subnet_group.database",
            "module.vpc.aws_default_network_acl.this",
            "module.vpc.aws_default_route_table.default",
            "module.vpc.aws_default_security_group.this",
            "module.vpc.aws_default_vpc.this",
            "module.vpc.aws_egress_only_internet_gateway.this",
            "module.vpc.aws_eip.nat",
            "module.vpc.aws_elasticache_subnet_group.elasticache",
            "module.vpc.aws_flow_log.this",
            "module.vpc.aws_iam_policy.vpc_flow_log_cloudwatch",
            "module.vpc.aws_iam_role.vpc_flow_log_cloudwatch",
            "module.vpc.aws_iam_role_policy_attachment.vpc_flow_log_cloudwatch",
            "module.vpc.aws_internet_gateway.this",
            "module.vpc.aws_nat_gateway.this",
            "module.vpc.aws_network_acl.database",
            "module.vpc.aws_network_acl.elasticache",
            "module.vpc.aws_network_acl.intra",
            "module.vpc.aws_network_acl.outpost",
            "module.vpc.aws_network_acl.private",
            "module.vpc.aws_network_acl.public",
            "module.vpc.aws_network_acl.redshift",
            "module.vpc.aws_network_acl_rule.database_inbound",
            "module.vpc.aws_network_acl_rule.database_outbound",
            "module.vpc.aws_network_acl_rule.elasticache_inbound",
            "module.vpc.aws_network_acl_rule.elasticache_outbound",
            "module.vpc.aws_network_acl_rule.intra_inbound",
            "module.vpc.aws_network_acl_rule.intra_outbound",
            "module.vpc.aws_network_acl_rule.outpost_inbound",
            "module.vpc.aws_network_acl_rule.outpost_outbound",
            "module.vpc.aws_network_acl_rule.private_inbound",
            "module.vpc.aws_network_acl_rule.private_outbound",
            "module.vpc.aws_network_acl_rule.public_inbound",
            "module.vpc.aws_network_acl_rule.public_outbound",
            "module.vpc.aws_network_acl_rule.redshift_inbound",
            "module.vpc.aws_network_acl_rule.redshift_outbound",
            "module.vpc.aws_redshift_subnet_group.redshift",
            "module.vpc.aws_route.database_internet_gateway",
            "module.vpc.aws_route.database_ipv6_egress",
            "module.vpc.aws_route.database_nat_gateway",
            "module.vpc.aws_route.private_ipv6_egress",
            "module.vpc.aws_route.private_nat_gateway",
            "module.vpc.aws_route.public_internet_gateway",
            "module.vpc.aws_route.public_internet_gateway_ipv6",
            "module.vpc.aws_route_table.database",
            "module.vpc.aws_route_table.elasticache",
            "module.vpc.aws_route_table.intra",
            "module.vpc.aws_route_table.private",
            "module.vpc.aws_route_table.public",
            "module.vpc.aws_route_table.redshift",
            "module.vpc.aws_route_table_association.database",
            "module.vpc.aws_route_table_association.elasticache",
            "module.vpc.aws_route_table_association.intra",
            "module.vpc.aws_route_table_association.outpost",
            "module.vpc.aws_route_table_association.private",
            "module.vpc.aws_route_table_association.public",
            "module.vpc.aws_route_table_association.redshift",
            "module.vpc.aws_route_table_association.redshift_public",
            "module.vpc.aws_subnet.database",
            "module.vpc.aws_subnet.elasticache",
            "module.vpc.aws_subnet.intra",
            "module.vpc.aws_subnet.outpost",
            "module.vpc.aws_subnet.private",
            "module.vpc.aws_subnet.public",
            "module.vpc.aws_subnet.redshift",
            "module.vpc.aws_vpc.this",
            "module.vpc.aws_vpc_dhcp_options.this",
            "module.vpc.aws_vpc_dhcp_options_association.this",
            "module.vpc.aws_vpc_ipv4_cidr_block_association.this",
            "module.vpc.aws_vpn_gateway.this",
            "module.vpc.aws_vpn_gateway_attachment.this",
            "module.vpc.aws_vpn_gateway_route_propagation.intra",
            "module.vpc.aws_vpn_gateway_route_propagation.private",
            "module.vpc.aws_vpn_gateway_route_propagation.public",
            "module.vpc.data.aws_iam_policy_document.flow_log_cloudwatch_assume_role",
            "module.vpc.data.aws_iam_policy_document.vpc_flow_log_cloudwatch"
          ]
        }
      ]
    },
    {
      "module": "module.vpc",
      "mode": "managed",
      "type": "aws_eip",
      "name": "nat",
      "provider": "provider[\"registry.terraform.io/hashicorp/aws\"]",
      "instances": [
        {
          "index_key": 0,
          "schema_version": 0,
          "attributes": {
            "address": null,
            "allocation_id": "eipalloc-0980e27c45f050438",
            "associate_with_private_ip": null,
            "association_id": "eipassoc-0f96d9d63eb9b1e34",
            "carrier_ip": "",
            "customer_owned_ip": "",
            "customer_owned_ipv4_pool": "",
            "domain": "vpc",
            "id": "eipalloc-0980e27c45f050438",
            "instance": "",
            "network_border_group": "us-east-1",
            "network_interface": "eni-03d4acb2ab33faaee",
            "private_dns": "ip-172-23-4-94.ec2.internal",
            "private_ip": "172.23.4.94",
            "public_dns": "ec2-54-205-84-214.compute-1.amazonaws.com",
            "public_ip": "54.205.84.214",
            "public_ipv4_pool": "amazon",
            "tags": {
              "Name": "VPC-us-east-1a"
            },
            "tags_all": {
              "Name": "VPC-us-east-1a"
            },
            "timeouts": null,
            "vpc": true
          },
          "sensitive_attributes": [],
          "private": "eyJlMmJmYjczMC1lY2FhLTExZTYtOGY4OC0zNDM2M2JjN2M0YzAiOnsiZGVsZXRlIjoxODAwMDAwMDAwMDAsInJlYWQiOjkwMDAwMDAwMDAwMCwidXBkYXRlIjozMDAwMDAwMDAwMDB9fQ=="
        }
      ]
    },
    {
      "module": "module.vpc",
      "mode": "managed",
      "type": "aws_internet_gateway",
      "name": "this",
      "provider": "provider[\"registry.terraform.io/hashicorp/aws\"]",
      "instances": [
        {
          "index_key": 0,
          "schema_version": 0,
          "attributes": {
            "arn": "arn:aws:ec2:us-east-1:152329264931:internet-gateway/igw-02611117242e1acc0",
            "id": "igw-02611117242e1acc0",
            "owner_id": "152329264931",
            "tags": {
              "Name": "VPC"
            },
            "tags_all": {
              "Name": "VPC"
            },
            "vpc_id": "vpc-01322c3c2d962b477"
          },
          "sensitive_attributes": [],
          "private": "bnVsbA==",
          "dependencies": [
            "module.vpc.aws_vpc.this",
            "module.vpc.aws_vpc_ipv4_cidr_block_association.this"
          ]
        }
      ]
    },
    {
      "module": "module.vpc",
      "mode": "managed",
      "type": "aws_nat_gateway",
      "name": "this",
      "provider": "provider[\"registry.terraform.io/hashicorp/aws\"]",
      "instances": [
        {
          "index_key": 0,
          "schema_version": 0,
          "attributes": {
            "allocation_id": "eipalloc-0980e27c45f050438",
            "connectivity_type": "public",
            "id": "nat-02468dbee89304be6",
            "network_interface_id": "eni-03d4acb2ab33faaee",
            "private_ip": "172.23.4.94",
            "public_ip": "54.205.84.214",
            "subnet_id": "subnet-06c1052ca5ffc5188",
            "tags": {
              "Name": "caldera-test_natgateway"
            },
            "tags_all": {
              "Name": "caldera-test_natgateway"
            }
          },
          "sensitive_attributes": [],
          "private": "bnVsbA==",
          "dependencies": [
            "module.vpc.aws_eip.nat",
            "module.vpc.aws_internet_gateway.this",
            "module.vpc.aws_subnet.public",
            "module.vpc.aws_vpc.this",
            "module.vpc.aws_vpc_ipv4_cidr_block_association.this"
          ]
        }
      ]
    },
    {
      "module": "module.vpc",
      "mode": "managed",
      "type": "aws_route",
      "name": "private_nat_gateway",
      "provider": "provider[\"registry.terraform.io/hashicorp/aws\"]",
      "instances": [
        {
          "index_key": 0,
          "schema_version": 0,
          "attributes": {
            "carrier_gateway_id": "",
            "core_network_arn": "",
            "destination_cidr_block": "0.0.0.0/0",
            "destination_ipv6_cidr_block": "",
            "destination_prefix_list_id": "",
            "egress_only_gateway_id": "",
            "gateway_id": "",
            "id": "r-rtb-0ae815498027868f61080289494",
            "instance_id": "",
            "instance_owner_id": "",
            "local_gateway_id": "",
            "nat_gateway_id": "nat-02468dbee89304be6",
            "network_interface_id": "",
            "origin": "CreateRoute",
            "route_table_id": "rtb-0ae815498027868f6",
            "state": "active",
            "timeouts": {
              "create": "5m",
              "delete": null,
              "update": null
            },
            "transit_gateway_id": "",
            "vpc_endpoint_id": "",
            "vpc_peering_connection_id": ""
          },
          "sensitive_attributes": [],
          "private": "eyJlMmJmYjczMC1lY2FhLTExZTYtOGY4OC0zNDM2M2JjN2M0YzAiOnsiY3JlYXRlIjozMDAwMDAwMDAwMDAsImRlbGV0ZSI6MzAwMDAwMDAwMDAwLCJ1cGRhdGUiOjEyMDAwMDAwMDAwMH19",
          "dependencies": [
            "module.vpc.aws_eip.nat",
            "module.vpc.aws_internet_gateway.this",
            "module.vpc.aws_nat_gateway.this",
            "module.vpc.aws_route_table.private",
            "module.vpc.aws_subnet.public",
            "module.vpc.aws_vpc.this",
            "module.vpc.aws_vpc_ipv4_cidr_block_association.this"
          ]
        }
      ]
    },
    {
      "module": "module.vpc",
      "mode": "managed",
      "type": "aws_route",
      "name": "public_internet_gateway",
      "provider": "provider[\"registry.terraform.io/hashicorp/aws\"]",
      "instances": [
        {
          "index_key": 0,
          "schema_version": 0,
          "attributes": {
            "carrier_gateway_id": "",
            "core_network_arn": "",
            "destination_cidr_block": "0.0.0.0/0",
            "destination_ipv6_cidr_block": "",
            "destination_prefix_list_id": "",
            "egress_only_gateway_id": "",
            "gateway_id": "igw-02611117242e1acc0",
            "id": "r-rtb-0242e2f8e2c8c219f1080289494",
            "instance_id": "",
            "instance_owner_id": "",
            "local_gateway_id": "",
            "nat_gateway_id": "",
            "network_interface_id": "",
            "origin": "CreateRoute",
            "route_table_id": "rtb-0242e2f8e2c8c219f",
            "state": "active",
            "timeouts": {
              "create": "5m",
              "delete": null,
              "update": null
            },
            "transit_gateway_id": "",
            "vpc_endpoint_id": "",
            "vpc_peering_connection_id": ""
          },
          "sensitive_attributes": [],
          "private": "eyJlMmJmYjczMC1lY2FhLTExZTYtOGY4OC0zNDM2M2JjN2M0YzAiOnsiY3JlYXRlIjozMDAwMDAwMDAwMDAsImRlbGV0ZSI6MzAwMDAwMDAwMDAwLCJ1cGRhdGUiOjEyMDAwMDAwMDAwMH19",
          "dependencies": [
            "module.vpc.aws_internet_gateway.this",
            "module.vpc.aws_route_table.public",
            "module.vpc.aws_vpc.this",
            "module.vpc.aws_vpc_ipv4_cidr_block_association.this"
          ]
        }
      ]
    },
    {
      "module": "module.vpc",
      "mode": "managed",
      "type": "aws_route_table",
      "name": "private",
      "provider": "provider[\"registry.terraform.io/hashicorp/aws\"]",
      "instances": [
        {
          "index_key": 0,
          "schema_version": 0,
          "attributes": {
            "arn": "arn:aws:ec2:us-east-1:152329264931:route-table/rtb-0ae815498027868f6",
            "id": "rtb-0ae815498027868f6",
            "owner_id": "152329264931",
            "propagating_vgws": [],
            "route": [
              {
                "carrier_gateway_id": "",
                "cidr_block": "0.0.0.0/0",
                "core_network_arn": "",
                "destination_prefix_list_id": "",
                "egress_only_gateway_id": "",
                "gateway_id": "",
                "instance_id": "",
                "ipv6_cidr_block": "",
                "local_gateway_id": "",
                "nat_gateway_id": "nat-02468dbee89304be6",
                "network_interface_id": "",
                "transit_gateway_id": "",
                "vpc_endpoint_id": "",
                "vpc_peering_connection_id": ""
              }
            ],
            "tags": {
              "Name": "VPC-private"
            },
            "tags_all": {
              "Name": "VPC-private"
            },
            "timeouts": null,
            "vpc_id": "vpc-01322c3c2d962b477"
          },
          "sensitive_attributes": [],
          "private": "eyJlMmJmYjczMC1lY2FhLTExZTYtOGY4OC0zNDM2M2JjN2M0YzAiOnsiY3JlYXRlIjozMDAwMDAwMDAwMDAsImRlbGV0ZSI6MzAwMDAwMDAwMDAwLCJ1cGRhdGUiOjEyMDAwMDAwMDAwMH19",
          "dependencies": [
            "module.vpc.aws_vpc.this",
            "module.vpc.aws_vpc_ipv4_cidr_block_association.this"
          ]
        }
      ]
    },
    {
      "module": "module.vpc",
      "mode": "managed",
      "type": "aws_route_table",
      "name": "public",
      "provider": "provider[\"registry.terraform.io/hashicorp/aws\"]",
      "instances": [
        {
          "index_key": 0,
          "schema_version": 0,
          "attributes": {
            "arn": "arn:aws:ec2:us-east-1:152329264931:route-table/rtb-0242e2f8e2c8c219f",
            "id": "rtb-0242e2f8e2c8c219f",
            "owner_id": "152329264931",
            "propagating_vgws": [],
            "route": [
              {
                "carrier_gateway_id": "",
                "cidr_block": "0.0.0.0/0",
                "core_network_arn": "",
                "destination_prefix_list_id": "",
                "egress_only_gateway_id": "",
                "gateway_id": "igw-02611117242e1acc0",
                "instance_id": "",
                "ipv6_cidr_block": "",
                "local_gateway_id": "",
                "nat_gateway_id": "",
                "network_interface_id": "",
                "transit_gateway_id": "",
                "vpc_endpoint_id": "",
                "vpc_peering_connection_id": ""
              }
            ],
            "tags": {
              "Name": "VPC-public"
            },
            "tags_all": {
              "Name": "VPC-public"
            },
            "timeouts": null,
            "vpc_id": "vpc-01322c3c2d962b477"
          },
          "sensitive_attributes": [],
          "private": "eyJlMmJmYjczMC1lY2FhLTExZTYtOGY4OC0zNDM2M2JjN2M0YzAiOnsiY3JlYXRlIjozMDAwMDAwMDAwMDAsImRlbGV0ZSI6MzAwMDAwMDAwMDAwLCJ1cGRhdGUiOjEyMDAwMDAwMDAwMH19",
          "dependencies": [
            "module.vpc.aws_vpc.this",
            "module.vpc.aws_vpc_ipv4_cidr_block_association.this"
          ]
        }
      ]
    },
    {
      "module": "module.vpc",
      "mode": "managed",
      "type": "aws_route_table_association",
      "name": "private",
      "provider": "provider[\"registry.terraform.io/hashicorp/aws\"]",
      "instances": [
        {
          "index_key": 0,
          "schema_version": 0,
          "attributes": {
            "gateway_id": "",
            "id": "rtbassoc-038d869b2709a3fe8",
            "route_table_id": "rtb-0ae815498027868f6",
            "subnet_id": "subnet-05d977fdbdceaeb98"
          },
          "sensitive_attributes": [],
          "private": "bnVsbA==",
          "dependencies": [
            "module.vpc.aws_route_table.private",
            "module.vpc.aws_subnet.private",
            "module.vpc.aws_vpc.this",
            "module.vpc.aws_vpc_ipv4_cidr_block_association.this"
          ]
        },
        {
          "index_key": 1,
          "schema_version": 0,
          "attributes": {
            "gateway_id": "",
            "id": "rtbassoc-0af638a7146b05b8f",
            "route_table_id": "rtb-0ae815498027868f6",
            "subnet_id": "subnet-0251da09ac7002bfe"
          },
          "sensitive_attributes": [],
          "private": "bnVsbA==",
          "dependencies": [
            "module.vpc.aws_route_table.private",
            "module.vpc.aws_subnet.private",
            "module.vpc.aws_vpc.this",
            "module.vpc.aws_vpc_ipv4_cidr_block_association.this"
          ]
        },
        {
          "index_key": 2,
          "schema_version": 0,
          "attributes": {
            "gateway_id": "",
            "id": "rtbassoc-00b3f2ee5b8673cd7",
            "route_table_id": "rtb-0ae815498027868f6",
            "subnet_id": "subnet-05535e99882802e69"
          },
          "sensitive_attributes": [],
          "private": "bnVsbA==",
          "dependencies": [
            "module.vpc.aws_route_table.private",
            "module.vpc.aws_subnet.private",
            "module.vpc.aws_vpc.this",
            "module.vpc.aws_vpc_ipv4_cidr_block_association.this"
          ]
        },
        {
          "index_key": 3,
          "schema_version": 0,
          "attributes": {
            "gateway_id": "",
            "id": "rtbassoc-057ae45efcc044922",
            "route_table_id": "rtb-0ae815498027868f6",
            "subnet_id": "subnet-021b9d79c1155add3"
          },
          "sensitive_attributes": [],
          "private": "bnVsbA==",
          "dependencies": [
            "module.vpc.aws_route_table.private",
            "module.vpc.aws_subnet.private",
            "module.vpc.aws_vpc.this",
            "module.vpc.aws_vpc_ipv4_cidr_block_association.this"
          ]
        },
        {
          "index_key": 4,
          "schema_version": 0,
          "attributes": {
            "gateway_id": "",
            "id": "rtbassoc-0ce461b83e9e7b654",
            "route_table_id": "rtb-0ae815498027868f6",
            "subnet_id": "subnet-008973324fe415652"
          },
          "sensitive_attributes": [],
          "private": "bnVsbA==",
          "dependencies": [
            "module.vpc.aws_route_table.private",
            "module.vpc.aws_subnet.private",
            "module.vpc.aws_vpc.this",
            "module.vpc.aws_vpc_ipv4_cidr_block_association.this"
          ]
        }
      ]
    },
    {
      "module": "module.vpc",
      "mode": "managed",
      "type": "aws_route_table_association",
      "name": "public",
      "provider": "provider[\"registry.terraform.io/hashicorp/aws\"]",
      "instances": [
        {
          "index_key": 0,
          "schema_version": 0,
          "attributes": {
            "gateway_id": "",
            "id": "rtbassoc-0ee7f5106698a0910",
            "route_table_id": "rtb-0242e2f8e2c8c219f",
            "subnet_id": "subnet-06c1052ca5ffc5188"
          },
          "sensitive_attributes": [],
          "private": "bnVsbA==",
          "dependencies": [
            "module.vpc.aws_route_table.public",
            "module.vpc.aws_subnet.public",
            "module.vpc.aws_vpc.this",
            "module.vpc.aws_vpc_ipv4_cidr_block_association.this"
          ]
        },
        {
          "index_key": 1,
          "schema_version": 0,
          "attributes": {
            "gateway_id": "",
            "id": "rtbassoc-09e64750a94c3e824",
            "route_table_id": "rtb-0242e2f8e2c8c219f",
            "subnet_id": "subnet-0e02d39517b547e48"
          },
          "sensitive_attributes": [],
          "private": "bnVsbA==",
          "dependencies": [
            "module.vpc.aws_route_table.public",
            "module.vpc.aws_subnet.public",
            "module.vpc.aws_vpc.this",
            "module.vpc.aws_vpc_ipv4_cidr_block_association.this"
          ]
        },
        {
          "index_key": 2,
          "schema_version": 0,
          "attributes": {
            "gateway_id": "",
            "id": "rtbassoc-0fff3f8732b361afc",
            "route_table_id": "rtb-0242e2f8e2c8c219f",
            "subnet_id": "subnet-08d800ac03bbee9be"
          },
          "sensitive_attributes": [],
          "private": "bnVsbA==",
          "dependencies": [
            "module.vpc.aws_route_table.public",
            "module.vpc.aws_subnet.public",
            "module.vpc.aws_vpc.this",
            "module.vpc.aws_vpc_ipv4_cidr_block_association.this"
          ]
        },
        {
          "index_key": 3,
          "schema_version": 0,
          "attributes": {
            "gateway_id": "",
            "id": "rtbassoc-0efa26377981206ec",
            "route_table_id": "rtb-0242e2f8e2c8c219f",
            "subnet_id": "subnet-0654f6e1cd881b696"
          },
          "sensitive_attributes": [],
          "private": "bnVsbA==",
          "dependencies": [
            "module.vpc.aws_route_table.public",
            "module.vpc.aws_subnet.public",
            "module.vpc.aws_vpc.this",
            "module.vpc.aws_vpc_ipv4_cidr_block_association.this"
          ]
        },
        {
          "index_key": 4,
          "schema_version": 0,
          "attributes": {
            "gateway_id": "",
            "id": "rtbassoc-0ea8fb7b71bc0c909",
            "route_table_id": "rtb-0242e2f8e2c8c219f",
            "subnet_id": "subnet-0472d545ed168419d"
          },
          "sensitive_attributes": [],
          "private": "bnVsbA==",
          "dependencies": [
            "module.vpc.aws_route_table.public",
            "module.vpc.aws_subnet.public",
            "module.vpc.aws_vpc.this",
            "module.vpc.aws_vpc_ipv4_cidr_block_association.this"
          ]
        }
      ]
    },
    {
      "module": "module.vpc",
      "mode": "managed",
      "type": "aws_subnet",
      "name": "private",
      "provider": "provider[\"registry.terraform.io/hashicorp/aws\"]",
      "instances": [
        {
          "index_key": 0,
          "schema_version": 1,
          "attributes": {
            "arn": "arn:aws:ec2:us-east-1:152329264931:subnet/subnet-05d977fdbdceaeb98",
            "assign_ipv6_address_on_creation": false,
            "availability_zone": "us-east-1a",
            "availability_zone_id": "use1-az4",
            "cidr_block": "172.23.0.0/22",
            "customer_owned_ipv4_pool": "",
            "enable_dns64": false,
            "enable_resource_name_dns_a_record_on_launch": false,
            "enable_resource_name_dns_aaaa_record_on_launch": false,
            "id": "subnet-05d977fdbdceaeb98",
            "ipv6_cidr_block": "",
            "ipv6_cidr_block_association_id": "",
            "ipv6_native": false,
            "map_customer_owned_ip_on_launch": false,
            "map_public_ip_on_launch": false,
            "outpost_arn": "",
            "owner_id": "152329264931",
            "private_dns_hostname_type_on_launch": "ip-name",
            "tags": {
              "Name": "caldera-test_private"
            },
            "tags_all": {
              "Name": "caldera-test_private"
            },
            "timeouts": null,
            "vpc_id": "vpc-01322c3c2d962b477"
          },
          "sensitive_attributes": [],
          "private": "eyJlMmJmYjczMC1lY2FhLTExZTYtOGY4OC0zNDM2M2JjN2M0YzAiOnsiY3JlYXRlIjo2MDAwMDAwMDAwMDAsImRlbGV0ZSI6MTIwMDAwMDAwMDAwMH0sInNjaGVtYV92ZXJzaW9uIjoiMSJ9",
          "dependencies": [
            "module.vpc.aws_vpc.this",
            "module.vpc.aws_vpc_ipv4_cidr_block_association.this"
          ]
        },
        {
          "index_key": 1,
          "schema_version": 1,
          "attributes": {
            "arn": "arn:aws:ec2:us-east-1:152329264931:subnet/subnet-0251da09ac7002bfe",
            "assign_ipv6_address_on_creation": false,
            "availability_zone": "us-east-1b",
            "availability_zone_id": "use1-az6",
            "cidr_block": "172.23.32.0/22",
            "customer_owned_ipv4_pool": "",
            "enable_dns64": false,
            "enable_resource_name_dns_a_record_on_launch": false,
            "enable_resource_name_dns_aaaa_record_on_launch": false,
            "id": "subnet-0251da09ac7002bfe",
            "ipv6_cidr_block": "",
            "ipv6_cidr_block_association_id": "",
            "ipv6_native": false,
            "map_customer_owned_ip_on_launch": false,
            "map_public_ip_on_launch": false,
            "outpost_arn": "",
            "owner_id": "152329264931",
            "private_dns_hostname_type_on_launch": "ip-name",
            "tags": {
              "Name": "caldera-test_private"
            },
            "tags_all": {
              "Name": "caldera-test_private"
            },
            "timeouts": null,
            "vpc_id": "vpc-01322c3c2d962b477"
          },
          "sensitive_attributes": [],
          "private": "eyJlMmJmYjczMC1lY2FhLTExZTYtOGY4OC0zNDM2M2JjN2M0YzAiOnsiY3JlYXRlIjo2MDAwMDAwMDAwMDAsImRlbGV0ZSI6MTIwMDAwMDAwMDAwMH0sInNjaGVtYV92ZXJzaW9uIjoiMSJ9",
          "dependencies": [
            "module.vpc.aws_vpc.this",
            "module.vpc.aws_vpc_ipv4_cidr_block_association.this"
          ]
        },
        {
          "index_key": 2,
          "schema_version": 1,
          "attributes": {
            "arn": "arn:aws:ec2:us-east-1:152329264931:subnet/subnet-05535e99882802e69",
            "assign_ipv6_address_on_creation": false,
            "availability_zone": "us-east-1c",
            "availability_zone_id": "use1-az1",
            "cidr_block": "172.23.64.0/22",
            "customer_owned_ipv4_pool": "",
            "enable_dns64": false,
            "enable_resource_name_dns_a_record_on_launch": false,
            "enable_resource_name_dns_aaaa_record_on_launch": false,
            "id": "subnet-05535e99882802e69",
            "ipv6_cidr_block": "",
            "ipv6_cidr_block_association_id": "",
            "ipv6_native": false,
            "map_customer_owned_ip_on_launch": false,
            "map_public_ip_on_launch": false,
            "outpost_arn": "",
            "owner_id": "152329264931",
            "private_dns_hostname_type_on_launch": "ip-name",
            "tags": {
              "Name": "caldera-test_private"
            },
            "tags_all": {
              "Name": "caldera-test_private"
            },
            "timeouts": null,
            "vpc_id": "vpc-01322c3c2d962b477"
          },
          "sensitive_attributes": [],
          "private": "eyJlMmJmYjczMC1lY2FhLTExZTYtOGY4OC0zNDM2M2JjN2M0YzAiOnsiY3JlYXRlIjo2MDAwMDAwMDAwMDAsImRlbGV0ZSI6MTIwMDAwMDAwMDAwMH0sInNjaGVtYV92ZXJzaW9uIjoiMSJ9",
          "dependencies": [
            "module.vpc.aws_vpc.this",
            "module.vpc.aws_vpc_ipv4_cidr_block_association.this"
          ]
        },
        {
          "index_key": 3,
          "schema_version": 1,
          "attributes": {
            "arn": "arn:aws:ec2:us-east-1:152329264931:subnet/subnet-021b9d79c1155add3",
            "assign_ipv6_address_on_creation": false,
            "availability_zone": "us-east-1d",
            "availability_zone_id": "use1-az2",
            "cidr_block": "172.23.96.0/22",
            "customer_owned_ipv4_pool": "",
            "enable_dns64": false,
            "enable_resource_name_dns_a_record_on_launch": false,
            "enable_resource_name_dns_aaaa_record_on_launch": false,
            "id": "subnet-021b9d79c1155add3",
            "ipv6_cidr_block": "",
            "ipv6_cidr_block_association_id": "",
            "ipv6_native": false,
            "map_customer_owned_ip_on_launch": false,
            "map_public_ip_on_launch": false,
            "outpost_arn": "",
            "owner_id": "152329264931",
            "private_dns_hostname_type_on_launch": "ip-name",
            "tags": {
              "Name": "caldera-test_private"
            },
            "tags_all": {
              "Name": "caldera-test_private"
            },
            "timeouts": null,
            "vpc_id": "vpc-01322c3c2d962b477"
          },
          "sensitive_attributes": [],
          "private": "eyJlMmJmYjczMC1lY2FhLTExZTYtOGY4OC0zNDM2M2JjN2M0YzAiOnsiY3JlYXRlIjo2MDAwMDAwMDAwMDAsImRlbGV0ZSI6MTIwMDAwMDAwMDAwMH0sInNjaGVtYV92ZXJzaW9uIjoiMSJ9",
          "dependencies": [
            "module.vpc.aws_vpc.this",
            "module.vpc.aws_vpc_ipv4_cidr_block_association.this"
          ]
        },
        {
          "index_key": 4,
          "schema_version": 1,
          "attributes": {
            "arn": "arn:aws:ec2:us-east-1:152329264931:subnet/subnet-008973324fe415652",
            "assign_ipv6_address_on_creation": false,
            "availability_zone": "us-east-1f",
            "availability_zone_id": "use1-az5",
            "cidr_block": "172.23.160.0/22",
            "customer_owned_ipv4_pool": "",
            "enable_dns64": false,
            "enable_resource_name_dns_a_record_on_launch": false,
            "enable_resource_name_dns_aaaa_record_on_launch": false,
            "id": "subnet-008973324fe415652",
            "ipv6_cidr_block": "",
            "ipv6_cidr_block_association_id": "",
            "ipv6_native": false,
            "map_customer_owned_ip_on_launch": false,
            "map_public_ip_on_launch": false,
            "outpost_arn": "",
            "owner_id": "152329264931",
            "private_dns_hostname_type_on_launch": "ip-name",
            "tags": {
              "Name": "caldera-test_private"
            },
            "tags_all": {
              "Name": "caldera-test_private"
            },
            "timeouts": null,
            "vpc_id": "vpc-01322c3c2d962b477"
          },
          "sensitive_attributes": [],
          "private": "eyJlMmJmYjczMC1lY2FhLTExZTYtOGY4OC0zNDM2M2JjN2M0YzAiOnsiY3JlYXRlIjo2MDAwMDAwMDAwMDAsImRlbGV0ZSI6MTIwMDAwMDAwMDAwMH0sInNjaGVtYV92ZXJzaW9uIjoiMSJ9",
          "dependencies": [
            "module.vpc.aws_vpc.this",
            "module.vpc.aws_vpc_ipv4_cidr_block_association.this"
          ]
        }
      ]
    },
    {
      "module": "module.vpc",
      "mode": "managed",
      "type": "aws_subnet",
      "name": "public",
      "provider": "provider[\"registry.terraform.io/hashicorp/aws\"]",
      "instances": [
        {
          "index_key": 0,
          "schema_version": 1,
          "attributes": {
            "arn": "arn:aws:ec2:us-east-1:152329264931:subnet/subnet-06c1052ca5ffc5188",
            "assign_ipv6_address_on_creation": false,
            "availability_zone": "us-east-1a",
            "availability_zone_id": "use1-az4",
            "cidr_block": "172.23.4.0/22",
            "customer_owned_ipv4_pool": "",
            "enable_dns64": false,
            "enable_resource_name_dns_a_record_on_launch": false,
            "enable_resource_name_dns_aaaa_record_on_launch": false,
            "id": "subnet-06c1052ca5ffc5188",
            "ipv6_cidr_block": "",
            "ipv6_cidr_block_association_id": "",
            "ipv6_native": false,
            "map_customer_owned_ip_on_launch": false,
            "map_public_ip_on_launch": true,
            "outpost_arn": "",
            "owner_id": "152329264931",
            "private_dns_hostname_type_on_launch": "ip-name",
            "tags": {
              "Name": "caldera-test_public"
            },
            "tags_all": {
              "Name": "caldera-test_public"
            },
            "timeouts": null,
            "vpc_id": "vpc-01322c3c2d962b477"
          },
          "sensitive_attributes": [],
          "private": "eyJlMmJmYjczMC1lY2FhLTExZTYtOGY4OC0zNDM2M2JjN2M0YzAiOnsiY3JlYXRlIjo2MDAwMDAwMDAwMDAsImRlbGV0ZSI6MTIwMDAwMDAwMDAwMH0sInNjaGVtYV92ZXJzaW9uIjoiMSJ9",
          "dependencies": [
            "module.vpc.aws_vpc.this",
            "module.vpc.aws_vpc_ipv4_cidr_block_association.this"
          ]
        },
        {
          "index_key": 1,
          "schema_version": 1,
          "attributes": {
            "arn": "arn:aws:ec2:us-east-1:152329264931:subnet/subnet-0e02d39517b547e48",
            "assign_ipv6_address_on_creation": false,
            "availability_zone": "us-east-1b",
            "availability_zone_id": "use1-az6",
            "cidr_block": "172.23.36.0/22",
            "customer_owned_ipv4_pool": "",
            "enable_dns64": false,
            "enable_resource_name_dns_a_record_on_launch": false,
            "enable_resource_name_dns_aaaa_record_on_launch": false,
            "id": "subnet-0e02d39517b547e48",
            "ipv6_cidr_block": "",
            "ipv6_cidr_block_association_id": "",
            "ipv6_native": false,
            "map_customer_owned_ip_on_launch": false,
            "map_public_ip_on_launch": true,
            "outpost_arn": "",
            "owner_id": "152329264931",
            "private_dns_hostname_type_on_launch": "ip-name",
            "tags": {
              "Name": "caldera-test_public"
            },
            "tags_all": {
              "Name": "caldera-test_public"
            },
            "timeouts": null,
            "vpc_id": "vpc-01322c3c2d962b477"
          },
          "sensitive_attributes": [],
          "private": "eyJlMmJmYjczMC1lY2FhLTExZTYtOGY4OC0zNDM2M2JjN2M0YzAiOnsiY3JlYXRlIjo2MDAwMDAwMDAwMDAsImRlbGV0ZSI6MTIwMDAwMDAwMDAwMH0sInNjaGVtYV92ZXJzaW9uIjoiMSJ9",
          "dependencies": [
            "module.vpc.aws_vpc.this",
            "module.vpc.aws_vpc_ipv4_cidr_block_association.this"
          ]
        },
        {
          "index_key": 2,
          "schema_version": 1,
          "attributes": {
            "arn": "arn:aws:ec2:us-east-1:152329264931:subnet/subnet-08d800ac03bbee9be",
            "assign_ipv6_address_on_creation": false,
            "availability_zone": "us-east-1c",
            "availability_zone_id": "use1-az1",
            "cidr_block": "172.23.68.0/22",
            "customer_owned_ipv4_pool": "",
            "enable_dns64": false,
            "enable_resource_name_dns_a_record_on_launch": false,
            "enable_resource_name_dns_aaaa_record_on_launch": false,
            "id": "subnet-08d800ac03bbee9be",
            "ipv6_cidr_block": "",
            "ipv6_cidr_block_association_id": "",
            "ipv6_native": false,
            "map_customer_owned_ip_on_launch": false,
            "map_public_ip_on_launch": true,
            "outpost_arn": "",
            "owner_id": "152329264931",
            "private_dns_hostname_type_on_launch": "ip-name",
            "tags": {
              "Name": "caldera-test_public"
            },
            "tags_all": {
              "Name": "caldera-test_public"
            },
            "timeouts": null,
            "vpc_id": "vpc-01322c3c2d962b477"
          },
          "sensitive_attributes": [],
          "private": "eyJlMmJmYjczMC1lY2FhLTExZTYtOGY4OC0zNDM2M2JjN2M0YzAiOnsiY3JlYXRlIjo2MDAwMDAwMDAwMDAsImRlbGV0ZSI6MTIwMDAwMDAwMDAwMH0sInNjaGVtYV92ZXJzaW9uIjoiMSJ9",
          "dependencies": [
            "module.vpc.aws_vpc.this",
            "module.vpc.aws_vpc_ipv4_cidr_block_association.this"
          ]
        },
        {
          "index_key": 3,
          "schema_version": 1,
          "attributes": {
            "arn": "arn:aws:ec2:us-east-1:152329264931:subnet/subnet-0654f6e1cd881b696",
            "assign_ipv6_address_on_creation": false,
            "availability_zone": "us-east-1d",
            "availability_zone_id": "use1-az2",
            "cidr_block": "172.23.100.0/22",
            "customer_owned_ipv4_pool": "",
            "enable_dns64": false,
            "enable_resource_name_dns_a_record_on_launch": false,
            "enable_resource_name_dns_aaaa_record_on_launch": false,
            "id": "subnet-0654f6e1cd881b696",
            "ipv6_cidr_block": "",
            "ipv6_cidr_block_association_id": "",
            "ipv6_native": false,
            "map_customer_owned_ip_on_launch": false,
            "map_public_ip_on_launch": true,
            "outpost_arn": "",
            "owner_id": "152329264931",
            "private_dns_hostname_type_on_launch": "ip-name",
            "tags": {
              "Name": "caldera-test_public"
            },
            "tags_all": {
              "Name": "caldera-test_public"
            },
            "timeouts": null,
            "vpc_id": "vpc-01322c3c2d962b477"
          },
          "sensitive_attributes": [],
          "private": "eyJlMmJmYjczMC1lY2FhLTExZTYtOGY4OC0zNDM2M2JjN2M0YzAiOnsiY3JlYXRlIjo2MDAwMDAwMDAwMDAsImRlbGV0ZSI6MTIwMDAwMDAwMDAwMH0sInNjaGVtYV92ZXJzaW9uIjoiMSJ9",
          "dependencies": [
            "module.vpc.aws_vpc.this",
            "module.vpc.aws_vpc_ipv4_cidr_block_association.this"
          ]
        },
        {
          "index_key": 4,
          "schema_version": 1,
          "attributes": {
            "arn": "arn:aws:ec2:us-east-1:152329264931:subnet/subnet-0472d545ed168419d",
            "assign_ipv6_address_on_creation": false,
            "availability_zone": "us-east-1f",
            "availability_zone_id": "use1-az5",
            "cidr_block": "172.23.164.0/22",
            "customer_owned_ipv4_pool": "",
            "enable_dns64": false,
            "enable_resource_name_dns_a_record_on_launch": false,
            "enable_resource_name_dns_aaaa_record_on_launch": false,
            "id": "subnet-0472d545ed168419d",
            "ipv6_cidr_block": "",
            "ipv6_cidr_block_association_id": "",
            "ipv6_native": false,
            "map_customer_owned_ip_on_launch": false,
            "map_public_ip_on_launch": true,
            "outpost_arn": "",
            "owner_id": "152329264931",
            "private_dns_hostname_type_on_launch": "ip-name",
            "tags": {
              "Name": "caldera-test_public"
            },
            "tags_all": {
              "Name": "caldera-test_public"
            },
            "timeouts": null,
            "vpc_id": "vpc-01322c3c2d962b477"
          },
          "sensitive_attributes": [],
          "private": "eyJlMmJmYjczMC1lY2FhLTExZTYtOGY4OC0zNDM2M2JjN2M0YzAiOnsiY3JlYXRlIjo2MDAwMDAwMDAwMDAsImRlbGV0ZSI6MTIwMDAwMDAwMDAwMH0sInNjaGVtYV92ZXJzaW9uIjoiMSJ9",
          "dependencies": [
            "module.vpc.aws_vpc.this",
            "module.vpc.aws_vpc_ipv4_cidr_block_association.this"
          ]
        }
      ]
    },
    {
      "module": "module.vpc",
      "mode": "managed",
      "type": "aws_vpc",
      "name": "this",
      "provider": "provider[\"registry.terraform.io/hashicorp/aws\"]",
      "instances": [
        {
          "index_key": 0,
          "schema_version": 1,
          "attributes": {
            "arn": "arn:aws:ec2:us-east-1:152329264931:vpc/vpc-01322c3c2d962b477",
            "assign_generated_ipv6_cidr_block": false,
            "cidr_block": "172.23.0.0/16",
            "default_network_acl_id": "acl-0e1a4b481a12e08a5",
            "default_route_table_id": "rtb-080d7df563f333798",
            "default_security_group_id": "sg-02ee4cdef971be121",
            "dhcp_options_id": "dopt-0f10cc2c5423e80c9",
            "enable_classiclink": false,
            "enable_classiclink_dns_support": false,
            "enable_dns_hostnames": true,
            "enable_dns_support": true,
            "id": "vpc-01322c3c2d962b477",
            "instance_tenancy": "default",
            "ipv4_ipam_pool_id": null,
            "ipv4_netmask_length": null,
            "ipv6_association_id": "",
            "ipv6_cidr_block": "",
            "ipv6_cidr_block_network_border_group": "",
            "ipv6_ipam_pool_id": "",
            "ipv6_netmask_length": 0,
            "main_route_table_id": "rtb-080d7df563f333798",
            "owner_id": "152329264931",
            "tags": {
              "Name": "VPC"
            },
            "tags_all": {
              "Name": "VPC"
            }
          },
          "sensitive_attributes": [],
          "private": "eyJzY2hlbWFfdmVyc2lvbiI6IjEifQ=="
        }
      ]
    }
  ]
}
