{
  "version": 4,
  "terraform_version": "1.2.4",
  "serial": 38,
  "lineage": "eb2911bb-8ace-c848-6781-dd31763978f2",
  "outputs": {
    "caldera_server_id": {
      "value": "i-05ad5ddfb80ece131",
      "type": "string"
    },
    "caldera_server_ip": {
      "value": "54.81.7.110",
      "type": "string"
    },
    "linux_host_id": {
      "value": "i-077db5aa14716caa1",
      "type": "string"
    },
    "linux_host_ip": {
      "value": "172.23.0.47",
      "type": "string"
    },
    "rsa_private_key": {
      "value": "-----BEGIN RSA PRIVATE KEY-----\nMIIJKgIBAAKCAgEA7ejlngTW6a3qngPdoGpedK7xhrU0TF1yeXaTXUf4wB0phL4W\npXmk9QBSpDc83jQUVZwDoJv+FXYzC5BqiQ2g99uvmcRHvlJLsX1PDr/leYBS2JT4\nZxrgM/W66h50VMCoucrsVaVdA2V0aMgGVe+/nW281ldEEKin0qHVPPRKDK5znE93\naX81wlq2O538Qs6wTP14A/MhvZnoXUvM7CjQP3Y//9lJikehgjLmvcJTV2g3EBUo\nvsCFg9MKu7qOOUeJKGaI4+GwzHy2yJoYmhumD7hWsp7f8oVThY7lpXehw2D7Pusc\n+RekVyT7UsXhcsJ6fmZ9nwu3aUfX4aSscxF4JBao8VvA0MATKYqiFnF6wCFazzN/\nAc0JKV4ZthdZXOcVpmso65QcT16iLrmC7gUKuoFiZbd4toE+7AX/BGT6ABvL2drm\np29naWeGRVt2lJ9pye04aejqqLJzmM7l+6N8V28sAnDqs9pBVerFlHBshcasW8d7\nGSeOlFlqduBIqWVqwq3MUMAmCfOON+HDbKP4Pr7pQK+Kmu1pi/WCRtmd5uHxM6jA\nsupcq/TgatSxeBxG+0JBgqjdg5QbeOyCpXdGIOMGgutfMmcwBJRCObOryPVpSRrz\nfgYKdbt/Nln3zOIGdq3TU5rePPHJUfdtDR5wYbgyYBQl8g8ibMEXEAHopfECAwEA\nAQKCAgEAjX8Q4fS65Wyct7JQ5BGfcAKEf7vSCQEjDn6pkrc1iP1PLjXoPi6lH1o7\nzJNVzkpnNat+tM1SRu1v2pbf5feHHyM3w1pr2RQVFNEUbg9Pqf3aSBoBy0C+y+iA\nbLIEOkwDjczU1vNs6JI0tAUTT5Ux/62+vDRWtRm6Bppdus0IJZa0B+lzeflAvgE5\nlSeXWxyW2pN+B8tY6+1Xt/VXQbXcdYIc+kv/YxDLTCZ9+apT6w5+gUA0ZY8XWZnx\nLkn8QLD9MFwbWn1mq5gZFiIgM7fyAjN+zOmVBCar0Cl3B/yo5w0NIRSwvK2E/pdu\nKoKqXZixRfArEqbjROiHyxonvqBLNPXQh3YZtFDlPiCez7fzPRzKt3C2IuoGwsVI\n/dwXqVPAHYjTPtan0Rybdli2SPl1A9r5IA4JEcJ1PTF4+7IiFc1Xfk0316cwOmh9\nSy57PPqvkjb7Wyuncn9Q09afipt4z8AH7vNhfD5Azds6bTz3BtWg70jkevXtod4/\nvvor/39g0sHDuDOf713VGqFCb9tnW+4cCKr6SCVcsgKrr22IDgPUZgfimzrR1ATW\nOmEkhKOHdqGkf3ZtPtj/BZCazpNsCcM4RKBfU8jMttHJ3cI1xhlbYR60/EZmtUgA\nYzPx1lYRB7phT1I5W8CDHESvVEt1HqvC0/2VHSSyUe+r2JwzsekCggEBAO5ZbPtR\nB3653994VSnSLMEbby3Z5NuxHQNjsqO/wIWU7k/+IwR+qvbeNHaq0E8J87iZAX8S\n1Hg8uLLZU/befC3YJA2yw00U0Mq4s8/wTEg2ZVsOwNxpaKyfm3r7VuiqOiD5cv0N\nzRFniZvGFRFeQVrIk7rCAgwZFvdfH34mN8LgfeaRLDUV+hrbWcRJQNviQlldpGSB\nEsBm6CnkYSEX5RQ9Xb21IiaSWqJ36mUOcV8AHKe+SAIVeLaQrmtQZCaE9eswxpyh\nbTTGSdBlOqEmddUZKjhAYslrtwh+qbjUudK9le7LhZB+hVUNrQ0pgs/NRgJ2JeO/\n4LPYLB6OHtv2mQsCggEBAP+HI1b8CEoFbFxUglr2KSlDU89HiZK+TcT3bzjftNEl\nZFWJY2rbqC+D2zvQABQlY9V0w93BPhRdRaGULaUECty/vCDWEiQwTTxS6Qr2qUuL\nvLG0RC/cpY5Z2Nc2DAWG3Zr20CnDFFB4GDtzTE3VTKc2M5DbD1dn72ahlBVjzxKZ\nElVoZSlfTXQ8A3hvMgkB2niKKRZN/MUWxIiTGWbFUt0531JGFyi3qNpwY2JdLCzx\nKJoz/OG6uko6InnxaPUNAU6K+1dYbZGC9y+ErOv1LCU6p2dG1hGU1GGnzBXdy52g\nWW1OmDoasJKIubXKKSan+w/mwxXzD4uNx00g61DRcnMCggEBAIV+rJ1t2sbNkGf3\nW6uavdpCZVjG63loj5lwY4N3SHsI2RkQe8husY6nEbdNIHLEXi8L81yazUmyqLfz\nJSXloqOCpV7OurgXaoHARWW3buIbJVWEw9wvZaMZmdmdoCWcAgap8A9vhWW0GcyX\newFJS01vfd5h/weLneNa8aaT/TM2zQ0wThRFhNk59eMMLDl7VjH7UrG/4SLGAE5G\nTWhdm75kSHaSVthHrF/Gzg9fsXvF8ka5OleAcyW9jxMn6Y/xdFMP9I2RlDq0vG7t\n45KSmfiKqazr0uiBXfhyCNkuvA0ehjVC5EHzuvXSPRRcJZoBnK6QQdR3iYDxGHTc\noMgOK9UCggEBALBp3i4pppdkEyHTfoPKOzSvtOcAHqzfEdYQdgsv9ygFxrV/OtIF\ngKH9SJiMy+Ecx0YRbUBmL7PjiTU6liC9H7qz7PBGmxO8/TXOj/HvxYXQnZ+aMxFQ\nJkSXJyu9tqMCL3DTQXfzpMzBfQleWqnJvzgaJZO2iWrw6MlUeGYkGExgvdWVU3Iy\nx8idvk+hhUvOqcRarm8lvINdaqZX2Eupo8H0OIgWt9p2oe7ddN/uL5d/j2aWydoW\nDpM8e5zw3GOCbQqKzWfKNysk3f9CfBgTljzFt9mHgDd3JwGc1Tureu4CTHs4rcQ/\ntPQVzREC11JG2wBpcvpuaqcQZS6MsamEUJ0CggEARrOGpDhAsWwEo8o6I6xAxo35\nq5YdLaCbnDKda0dvi5NQ4tiTwXd3mO7lpLtNvwvEIaO+2bY4CEotR808RLjJ+70C\nE7IUVwu7i43l7GFsmhNPPGXZIAOLL8jVTxVnRGIUpzdj0SwNJgWivmYqkn9dpOon\nu0qFCGCwJZMQIOu/yIJVtnh+hgZx+ga7mw7fj9IcvTlg51Is2UZimj6Z5uXU8dlG\nn4LCNk8/ISVG6QLxtiPBwcpbFMB0pOKtR6IkiHTBtQeIlf7kbBftfCi/9RXcRr61\nuwLJtHwp1I1S63hKwrChK9X5gRXNOnHdAfiwwTIQrrhLkcCoBW+LomX8UmgTEA==\n-----END RSA PRIVATE KEY-----\n",
      "type": "string"
    },
    "windows_host_id": {
      "value": "i-0cebf9f42a0e389b4",
      "type": "string"
    },
    "windows_host_ip": {
      "value": "172.23.7.254",
      "type": "string"
    }
  },
  "resources": [
    {
      "mode": "managed",
      "type": "aws_instance",
      "name": "caldera_server",
      "provider": "provider[\"registry.terraform.io/hashicorp/aws\"]",
      "instances": [
        {
          "schema_version": 1,
          "attributes": {
            "ami": "ami-09d56f8956ab235b3",
            "arn": "arn:aws:ec2:us-east-1:136671672801:instance/i-05ad5ddfb80ece131",
            "associate_public_ip_address": true,
            "availability_zone": "us-east-1a",
            "capacity_reservation_specification": [
              {
                "capacity_reservation_preference": "open",
                "capacity_reservation_target": []
              }
            ],
            "cpu_core_count": 1,
            "cpu_threads_per_core": 2,
            "credit_specification": [
              {
                "cpu_credits": "unlimited"
              }
            ],
            "disable_api_stop": false,
            "disable_api_termination": false,
            "ebs_block_device": [],
            "ebs_optimized": false,
            "enclave_options": [
              {
                "enabled": false
              }
            ],
            "ephemeral_block_device": [],
            "get_password_data": false,
            "hibernation": false,
            "host_id": null,
            "iam_instance_profile": "",
            "id": "i-05ad5ddfb80ece131",
            "instance_initiated_shutdown_behavior": "stop",
            "instance_state": "running",
            "instance_type": "t3.medium",
            "ipv6_address_count": 0,
            "ipv6_addresses": [],
            "key_name": "caldera-nodes",
            "launch_template": [],
            "maintenance_options": [
              {
                "auto_recovery": "default"
              }
            ],
            "metadata_options": [
              {
                "http_endpoint": "enabled",
                "http_put_response_hop_limit": 1,
                "http_tokens": "optional",
                "instance_metadata_tags": "disabled"
              }
            ],
            "monitoring": false,
            "network_interface": [],
            "outpost_arn": "",
            "password_data": "",
            "placement_group": "",
            "placement_partition_number": null,
            "primary_network_interface_id": "eni-07c3e86f548ef9610",
            "private_dns": "ip-172-23-6-95.ec2.internal",
            "private_dns_name_options": [
              {
                "enable_resource_name_dns_a_record": false,
                "enable_resource_name_dns_aaaa_record": false,
                "hostname_type": "ip-name"
              }
            ],
            "private_ip": "172.23.6.95",
            "public_dns": "ec2-54-81-7-110.compute-1.amazonaws.com",
            "public_ip": "54.81.7.110",
            "root_block_device": [
              {
                "delete_on_termination": true,
                "device_name": "/dev/sda1",
                "encrypted": false,
                "iops": 100,
                "kms_key_id": "",
                "tags": {},
                "throughput": 0,
                "volume_id": "vol-0f9a2050e1368c72e",
                "volume_size": 8,
                "volume_type": "gp2"
              }
            ],
            "secondary_private_ips": [],
            "security_groups": [],
            "source_dest_check": true,
            "subnet_id": "subnet-04694cdc63ace3ecc",
            "tags": {
              "Name": "caldera_server",
              "environment": "caldera-test"
            },
            "tags_all": {
              "Name": "caldera_server",
              "environment": "caldera-test"
            },
            "tenancy": "default",
            "timeouts": null,
            "user_data": null,
            "user_data_base64": null,
            "user_data_replace_on_change": false,
            "volume_tags": null,
            "vpc_security_group_ids": [
              "sg-0ba29a19e9d9d20af"
            ]
          },
          "sensitive_attributes": [],
          "private": "eyJlMmJmYjczMC1lY2FhLTExZTYtOGY4OC0zNDM2M2JjN2M0YzAiOnsiY3JlYXRlIjo2MDAwMDAwMDAwMDAsImRlbGV0ZSI6MTIwMDAwMDAwMDAwMCwidXBkYXRlIjo2MDAwMDAwMDAwMDB9LCJzY2hlbWFfdmVyc2lvbiI6IjEifQ==",
          "dependencies": [
            "aws_security_group.sg_caldera_server",
            "module.aws_rsa_key.aws_key_pair.worker",
            "module.aws_rsa_key.local_file.ssh_local",
            "module.aws_rsa_key.tls_private_key.ssh_key",
            "module.vpc.aws_cloudwatch_log_group.flow_log",
            "module.vpc.aws_customer_gateway.this",
            "module.vpc.aws_db_subnet_group.database",
            "module.vpc.aws_default_network_acl.this",
            "module.vpc.aws_default_route_table.default",
            "module.vpc.aws_default_security_group.this",
            "module.vpc.aws_default_vpc.this",
            "module.vpc.aws_egress_only_internet_gateway.this",
            "module.vpc.aws_eip.nat",
            "module.vpc.aws_elasticache_subnet_group.elasticache",
            "module.vpc.aws_flow_log.this",
            "module.vpc.aws_iam_policy.vpc_flow_log_cloudwatch",
            "module.vpc.aws_iam_role.vpc_flow_log_cloudwatch",
            "module.vpc.aws_iam_role_policy_attachment.vpc_flow_log_cloudwatch",
            "module.vpc.aws_internet_gateway.this",
            "module.vpc.aws_nat_gateway.this",
            "module.vpc.aws_network_acl.database",
            "module.vpc.aws_network_acl.elasticache",
            "module.vpc.aws_network_acl.intra",
            "module.vpc.aws_network_acl.outpost",
            "module.vpc.aws_network_acl.private",
            "module.vpc.aws_network_acl.public",
            "module.vpc.aws_network_acl.redshift",
            "module.vpc.aws_network_acl_rule.database_inbound",
            "module.vpc.aws_network_acl_rule.database_outbound",
            "module.vpc.aws_network_acl_rule.elasticache_inbound",
            "module.vpc.aws_network_acl_rule.elasticache_outbound",
            "module.vpc.aws_network_acl_rule.intra_inbound",
            "module.vpc.aws_network_acl_rule.intra_outbound",
            "module.vpc.aws_network_acl_rule.outpost_inbound",
            "module.vpc.aws_network_acl_rule.outpost_outbound",
            "module.vpc.aws_network_acl_rule.private_inbound",
            "module.vpc.aws_network_acl_rule.private_outbound",
            "module.vpc.aws_network_acl_rule.public_inbound",
            "module.vpc.aws_network_acl_rule.public_outbound",
            "module.vpc.aws_network_acl_rule.redshift_inbound",
            "module.vpc.aws_network_acl_rule.redshift_outbound",
            "module.vpc.aws_redshift_subnet_group.redshift",
            "module.vpc.aws_route.database_internet_gateway",
            "module.vpc.aws_route.database_ipv6_egress",
            "module.vpc.aws_route.database_nat_gateway",
            "module.vpc.aws_route.private_ipv6_egress",
            "module.vpc.aws_route.private_nat_gateway",
            "module.vpc.aws_route.public_internet_gateway",
            "module.vpc.aws_route.public_internet_gateway_ipv6",
            "module.vpc.aws_route_table.database",
            "module.vpc.aws_route_table.elasticache",
            "module.vpc.aws_route_table.intra",
            "module.vpc.aws_route_table.private",
            "module.vpc.aws_route_table.public",
            "module.vpc.aws_route_table.redshift",
            "module.vpc.aws_route_table_association.database",
            "module.vpc.aws_route_table_association.elasticache",
            "module.vpc.aws_route_table_association.intra",
            "module.vpc.aws_route_table_association.outpost",
            "module.vpc.aws_route_table_association.private",
            "module.vpc.aws_route_table_association.public",
            "module.vpc.aws_route_table_association.redshift",
            "module.vpc.aws_route_table_association.redshift_public",
            "module.vpc.aws_subnet.database",
            "module.vpc.aws_subnet.elasticache",
            "module.vpc.aws_subnet.intra",
            "module.vpc.aws_subnet.outpost",
            "module.vpc.aws_subnet.private",
            "module.vpc.aws_subnet.public",
            "module.vpc.aws_subnet.redshift",
            "module.vpc.aws_vpc.this",
            "module.vpc.aws_vpc_dhcp_options.this",
            "module.vpc.aws_vpc_dhcp_options_association.this",
            "module.vpc.aws_vpc_ipv4_cidr_block_association.this",
            "module.vpc.aws_vpn_gateway.this",
            "module.vpc.aws_vpn_gateway_attachment.this",
            "module.vpc.aws_vpn_gateway_route_propagation.intra",
            "module.vpc.aws_vpn_gateway_route_propagation.private",
            "module.vpc.aws_vpn_gateway_route_propagation.public",
            "module.vpc.data.aws_iam_policy_document.flow_log_cloudwatch_assume_role",
            "module.vpc.data.aws_iam_policy_document.vpc_flow_log_cloudwatch"
          ]
        }
      ]
    },
    {
      "mode": "managed",
      "type": "aws_instance",
      "name": "linux_host",
      "provider": "provider[\"registry.terraform.io/hashicorp/aws\"]",
      "instances": [
        {
          "schema_version": 1,
          "attributes": {
            "ami": "ami-09d56f8956ab235b3",
            "arn": "arn:aws:ec2:us-east-1:136671672801:instance/i-077db5aa14716caa1",
            "associate_public_ip_address": false,
            "availability_zone": "us-east-1a",
            "capacity_reservation_specification": [
              {
                "capacity_reservation_preference": "open",
                "capacity_reservation_target": []
              }
            ],
            "cpu_core_count": 1,
            "cpu_threads_per_core": 1,
            "credit_specification": [
              {
                "cpu_credits": "standard"
              }
            ],
            "disable_api_stop": false,
            "disable_api_termination": false,
            "ebs_block_device": [],
            "ebs_optimized": false,
            "enclave_options": [
              {
                "enabled": false
              }
            ],
            "ephemeral_block_device": [],
            "get_password_data": false,
            "hibernation": false,
            "host_id": null,
            "iam_instance_profile": "",
            "id": "i-077db5aa14716caa1",
            "instance_initiated_shutdown_behavior": "stop",
            "instance_state": "running",
            "instance_type": "t2.small",
            "ipv6_address_count": 0,
            "ipv6_addresses": [],
            "key_name": "caldera-nodes",
            "launch_template": [],
            "maintenance_options": [
              {
                "auto_recovery": "default"
              }
            ],
            "metadata_options": [
              {
                "http_endpoint": "enabled",
                "http_put_response_hop_limit": 1,
                "http_tokens": "optional",
                "instance_metadata_tags": "disabled"
              }
            ],
            "monitoring": false,
            "network_interface": [],
            "outpost_arn": "",
            "password_data": "",
            "placement_group": "",
            "placement_partition_number": null,
            "primary_network_interface_id": "eni-07ee254dd996bc4e7",
            "private_dns": "ip-172-23-0-47.ec2.internal",
            "private_dns_name_options": [
              {
                "enable_resource_name_dns_a_record": false,
                "enable_resource_name_dns_aaaa_record": false,
                "hostname_type": "ip-name"
              }
            ],
            "private_ip": "172.23.0.47",
            "public_dns": "",
            "public_ip": "",
            "root_block_device": [
              {
                "delete_on_termination": true,
                "device_name": "/dev/sda1",
                "encrypted": false,
                "iops": 100,
                "kms_key_id": "",
                "tags": {},
                "throughput": 0,
                "volume_id": "vol-01aec6e31b3f35803",
                "volume_size": 8,
                "volume_type": "gp2"
              }
            ],
            "secondary_private_ips": [],
            "security_groups": [],
            "source_dest_check": true,
            "subnet_id": "subnet-0a0f6745156d51087",
            "tags": {
              "Name": "linux_host",
              "environment": "caldera-test"
            },
            "tags_all": {
              "Name": "linux_host",
              "environment": "caldera-test"
            },
            "tenancy": "default",
            "timeouts": null,
            "user_data": null,
            "user_data_base64": null,
            "user_data_replace_on_change": false,
            "volume_tags": null,
            "vpc_security_group_ids": [
              "sg-014f25a0cab06a388"
            ]
          },
          "sensitive_attributes": [],
          "private": "eyJlMmJmYjczMC1lY2FhLTExZTYtOGY4OC0zNDM2M2JjN2M0YzAiOnsiY3JlYXRlIjo2MDAwMDAwMDAwMDAsImRlbGV0ZSI6MTIwMDAwMDAwMDAwMCwidXBkYXRlIjo2MDAwMDAwMDAwMDB9LCJzY2hlbWFfdmVyc2lvbiI6IjEifQ==",
          "dependencies": [
            "aws_instance.caldera_server",
            "aws_security_group.sg_caldera_linux",
            "module.aws_rsa_key.aws_key_pair.worker",
            "module.aws_rsa_key.local_file.ssh_local",
            "module.aws_rsa_key.tls_private_key.ssh_key",
            "module.vpc.aws_cloudwatch_log_group.flow_log",
            "module.vpc.aws_customer_gateway.this",
            "module.vpc.aws_db_subnet_group.database",
            "module.vpc.aws_default_network_acl.this",
            "module.vpc.aws_default_route_table.default",
            "module.vpc.aws_default_security_group.this",
            "module.vpc.aws_default_vpc.this",
            "module.vpc.aws_egress_only_internet_gateway.this",
            "module.vpc.aws_eip.nat",
            "module.vpc.aws_elasticache_subnet_group.elasticache",
            "module.vpc.aws_flow_log.this",
            "module.vpc.aws_iam_policy.vpc_flow_log_cloudwatch",
            "module.vpc.aws_iam_role.vpc_flow_log_cloudwatch",
            "module.vpc.aws_iam_role_policy_attachment.vpc_flow_log_cloudwatch",
            "module.vpc.aws_internet_gateway.this",
            "module.vpc.aws_nat_gateway.this",
            "module.vpc.aws_network_acl.database",
            "module.vpc.aws_network_acl.elasticache",
            "module.vpc.aws_network_acl.intra",
            "module.vpc.aws_network_acl.outpost",
            "module.vpc.aws_network_acl.private",
            "module.vpc.aws_network_acl.public",
            "module.vpc.aws_network_acl.redshift",
            "module.vpc.aws_network_acl_rule.database_inbound",
            "module.vpc.aws_network_acl_rule.database_outbound",
            "module.vpc.aws_network_acl_rule.elasticache_inbound",
            "module.vpc.aws_network_acl_rule.elasticache_outbound",
            "module.vpc.aws_network_acl_rule.intra_inbound",
            "module.vpc.aws_network_acl_rule.intra_outbound",
            "module.vpc.aws_network_acl_rule.outpost_inbound",
            "module.vpc.aws_network_acl_rule.outpost_outbound",
            "module.vpc.aws_network_acl_rule.private_inbound",
            "module.vpc.aws_network_acl_rule.private_outbound",
            "module.vpc.aws_network_acl_rule.public_inbound",
            "module.vpc.aws_network_acl_rule.public_outbound",
            "module.vpc.aws_network_acl_rule.redshift_inbound",
            "module.vpc.aws_network_acl_rule.redshift_outbound",
            "module.vpc.aws_redshift_subnet_group.redshift",
            "module.vpc.aws_route.database_internet_gateway",
            "module.vpc.aws_route.database_ipv6_egress",
            "module.vpc.aws_route.database_nat_gateway",
            "module.vpc.aws_route.private_ipv6_egress",
            "module.vpc.aws_route.private_nat_gateway",
            "module.vpc.aws_route.public_internet_gateway",
            "module.vpc.aws_route.public_internet_gateway_ipv6",
            "module.vpc.aws_route_table.database",
            "module.vpc.aws_route_table.elasticache",
            "module.vpc.aws_route_table.intra",
            "module.vpc.aws_route_table.private",
            "module.vpc.aws_route_table.public",
            "module.vpc.aws_route_table.redshift",
            "module.vpc.aws_route_table_association.database",
            "module.vpc.aws_route_table_association.elasticache",
            "module.vpc.aws_route_table_association.intra",
            "module.vpc.aws_route_table_association.outpost",
            "module.vpc.aws_route_table_association.private",
            "module.vpc.aws_route_table_association.public",
            "module.vpc.aws_route_table_association.redshift",
            "module.vpc.aws_route_table_association.redshift_public",
            "module.vpc.aws_subnet.database",
            "module.vpc.aws_subnet.elasticache",
            "module.vpc.aws_subnet.intra",
            "module.vpc.aws_subnet.outpost",
            "module.vpc.aws_subnet.private",
            "module.vpc.aws_subnet.public",
            "module.vpc.aws_subnet.redshift",
            "module.vpc.aws_vpc.this",
            "module.vpc.aws_vpc_dhcp_options.this",
            "module.vpc.aws_vpc_dhcp_options_association.this",
            "module.vpc.aws_vpc_ipv4_cidr_block_association.this",
            "module.vpc.aws_vpn_gateway.this",
            "module.vpc.aws_vpn_gateway_attachment.this",
            "module.vpc.aws_vpn_gateway_route_propagation.intra",
            "module.vpc.aws_vpn_gateway_route_propagation.private",
            "module.vpc.aws_vpn_gateway_route_propagation.public",
            "module.vpc.data.aws_iam_policy_document.flow_log_cloudwatch_assume_role",
            "module.vpc.data.aws_iam_policy_document.vpc_flow_log_cloudwatch"
          ]
        }
      ]
    },
    {
      "mode": "managed",
      "type": "aws_instance",
      "name": "windows_host",
      "provider": "provider[\"registry.terraform.io/hashicorp/aws\"]",
      "instances": [
        {
          "schema_version": 1,
          "attributes": {
            "ami": "ami-0193dcf9aa4f5654e",
            "arn": "arn:aws:ec2:us-east-1:136671672801:instance/i-0cebf9f42a0e389b4",
            "associate_public_ip_address": true,
            "availability_zone": "us-east-1a",
            "capacity_reservation_specification": [
              {
                "capacity_reservation_preference": "open",
                "capacity_reservation_target": []
              }
            ],
            "cpu_core_count": 1,
            "cpu_threads_per_core": 2,
            "credit_specification": [
              {
                "cpu_credits": "unlimited"
              }
            ],
            "disable_api_stop": false,
            "disable_api_termination": false,
            "ebs_block_device": [],
            "ebs_optimized": false,
            "enclave_options": [
              {
                "enabled": false
              }
            ],
            "ephemeral_block_device": [],
            "get_password_data": false,
            "hibernation": false,
            "host_id": null,
            "iam_instance_profile": "",
            "id": "i-0cebf9f42a0e389b4",
            "instance_initiated_shutdown_behavior": "stop",
            "instance_state": "running",
            "instance_type": "t3.medium",
            "ipv6_address_count": 0,
            "ipv6_addresses": [],
            "key_name": "caldera-nodes",
            "launch_template": [],
            "maintenance_options": [
              {
                "auto_recovery": "default"
              }
            ],
            "metadata_options": [
              {
                "http_endpoint": "enabled",
                "http_put_response_hop_limit": 1,
                "http_tokens": "optional",
                "instance_metadata_tags": "disabled"
              }
            ],
            "monitoring": false,
            "network_interface": [],
            "outpost_arn": "",
            "password_data": "",
            "placement_group": "",
            "placement_partition_number": null,
            "primary_network_interface_id": "eni-02ea850dcd0d58bdb",
            "private_dns": "ip-172-23-7-254.ec2.internal",
            "private_dns_name_options": [
              {
                "enable_resource_name_dns_a_record": false,
                "enable_resource_name_dns_aaaa_record": false,
                "hostname_type": "ip-name"
              }
            ],
            "private_ip": "172.23.7.254",
            "public_dns": "ec2-18-212-168-106.compute-1.amazonaws.com",
            "public_ip": "18.212.168.106",
            "root_block_device": [
              {
                "delete_on_termination": true,
                "device_name": "/dev/sda1",
                "encrypted": false,
                "iops": 100,
                "kms_key_id": "",
                "tags": {},
                "throughput": 0,
                "volume_id": "vol-0cedbb7c49e7e5830",
                "volume_size": 30,
                "volume_type": "gp2"
              }
            ],
            "secondary_private_ips": [],
            "security_groups": [],
            "source_dest_check": true,
            "subnet_id": "subnet-04694cdc63ace3ecc",
            "tags": {
              "Name": "windows_host",
              "environment": "caldera-test"
            },
            "tags_all": {
              "Name": "windows_host",
              "environment": "caldera-test"
            },
            "tenancy": "default",
            "timeouts": null,
            "user_data": "fdf71b3ecd056bac9fc1e159853d4219097c69cc",
            "user_data_base64": null,
            "user_data_replace_on_change": false,
            "volume_tags": null,
            "vpc_security_group_ids": [
              "sg-0641bd6c4a7aa3cd0"
            ]
          },
          "sensitive_attributes": [],
          "private": "eyJlMmJmYjczMC1lY2FhLTExZTYtOGY4OC0zNDM2M2JjN2M0YzAiOnsiY3JlYXRlIjo2MDAwMDAwMDAwMDAsImRlbGV0ZSI6MTIwMDAwMDAwMDAwMCwidXBkYXRlIjo2MDAwMDAwMDAwMDB9LCJzY2hlbWFfdmVyc2lvbiI6IjEifQ==",
          "dependencies": [
            "aws_instance.caldera_server",
            "aws_security_group.sg_caldera_windows",
            "module.aws_rsa_key.aws_key_pair.worker",
            "module.aws_rsa_key.local_file.ssh_local",
            "module.aws_rsa_key.tls_private_key.ssh_key",
            "module.vpc.aws_cloudwatch_log_group.flow_log",
            "module.vpc.aws_customer_gateway.this",
            "module.vpc.aws_db_subnet_group.database",
            "module.vpc.aws_default_network_acl.this",
            "module.vpc.aws_default_route_table.default",
            "module.vpc.aws_default_security_group.this",
            "module.vpc.aws_default_vpc.this",
            "module.vpc.aws_egress_only_internet_gateway.this",
            "module.vpc.aws_eip.nat",
            "module.vpc.aws_elasticache_subnet_group.elasticache",
            "module.vpc.aws_flow_log.this",
            "module.vpc.aws_iam_policy.vpc_flow_log_cloudwatch",
            "module.vpc.aws_iam_role.vpc_flow_log_cloudwatch",
            "module.vpc.aws_iam_role_policy_attachment.vpc_flow_log_cloudwatch",
            "module.vpc.aws_internet_gateway.this",
            "module.vpc.aws_nat_gateway.this",
            "module.vpc.aws_network_acl.database",
            "module.vpc.aws_network_acl.elasticache",
            "module.vpc.aws_network_acl.intra",
            "module.vpc.aws_network_acl.outpost",
            "module.vpc.aws_network_acl.private",
            "module.vpc.aws_network_acl.public",
            "module.vpc.aws_network_acl.redshift",
            "module.vpc.aws_network_acl_rule.database_inbound",
            "module.vpc.aws_network_acl_rule.database_outbound",
            "module.vpc.aws_network_acl_rule.elasticache_inbound",
            "module.vpc.aws_network_acl_rule.elasticache_outbound",
            "module.vpc.aws_network_acl_rule.intra_inbound",
            "module.vpc.aws_network_acl_rule.intra_outbound",
            "module.vpc.aws_network_acl_rule.outpost_inbound",
            "module.vpc.aws_network_acl_rule.outpost_outbound",
            "module.vpc.aws_network_acl_rule.private_inbound",
            "module.vpc.aws_network_acl_rule.private_outbound",
            "module.vpc.aws_network_acl_rule.public_inbound",
            "module.vpc.aws_network_acl_rule.public_outbound",
            "module.vpc.aws_network_acl_rule.redshift_inbound",
            "module.vpc.aws_network_acl_rule.redshift_outbound",
            "module.vpc.aws_redshift_subnet_group.redshift",
            "module.vpc.aws_route.database_internet_gateway",
            "module.vpc.aws_route.database_ipv6_egress",
            "module.vpc.aws_route.database_nat_gateway",
            "module.vpc.aws_route.private_ipv6_egress",
            "module.vpc.aws_route.private_nat_gateway",
            "module.vpc.aws_route.public_internet_gateway",
            "module.vpc.aws_route.public_internet_gateway_ipv6",
            "module.vpc.aws_route_table.database",
            "module.vpc.aws_route_table.elasticache",
            "module.vpc.aws_route_table.intra",
            "module.vpc.aws_route_table.private",
            "module.vpc.aws_route_table.public",
            "module.vpc.aws_route_table.redshift",
            "module.vpc.aws_route_table_association.database",
            "module.vpc.aws_route_table_association.elasticache",
            "module.vpc.aws_route_table_association.intra",
            "module.vpc.aws_route_table_association.outpost",
            "module.vpc.aws_route_table_association.private",
            "module.vpc.aws_route_table_association.public",
            "module.vpc.aws_route_table_association.redshift",
            "module.vpc.aws_route_table_association.redshift_public",
            "module.vpc.aws_subnet.database",
            "module.vpc.aws_subnet.elasticache",
            "module.vpc.aws_subnet.intra",
            "module.vpc.aws_subnet.outpost",
            "module.vpc.aws_subnet.private",
            "module.vpc.aws_subnet.public",
            "module.vpc.aws_subnet.redshift",
            "module.vpc.aws_vpc.this",
            "module.vpc.aws_vpc_dhcp_options.this",
            "module.vpc.aws_vpc_dhcp_options_association.this",
            "module.vpc.aws_vpc_ipv4_cidr_block_association.this",
            "module.vpc.aws_vpn_gateway.this",
            "module.vpc.aws_vpn_gateway_attachment.this",
            "module.vpc.aws_vpn_gateway_route_propagation.intra",
            "module.vpc.aws_vpn_gateway_route_propagation.private",
            "module.vpc.aws_vpn_gateway_route_propagation.public",
            "module.vpc.data.aws_iam_policy_document.flow_log_cloudwatch_assume_role",
            "module.vpc.data.aws_iam_policy_document.vpc_flow_log_cloudwatch"
          ]
        }
      ]
    },
    {
      "mode": "managed",
      "type": "aws_security_group",
      "name": "sg_caldera_linux",
      "provider": "provider[\"registry.terraform.io/hashicorp/aws\"]",
      "instances": [
        {
          "schema_version": 1,
          "attributes": {
            "arn": "arn:aws:ec2:us-east-1:136671672801:security-group/sg-014f25a0cab06a388",
            "description": "Allow ssh access for linux host",
            "egress": [
              {
                "cidr_blocks": [
                  "0.0.0.0/0"
                ],
                "description": "",
                "from_port": 0,
                "ipv6_cidr_blocks": [],
                "prefix_list_ids": [],
                "protocol": "-1",
                "security_groups": [],
                "self": false,
                "to_port": 0
              }
            ],
            "id": "sg-014f25a0cab06a388",
            "ingress": [
              {
                "cidr_blocks": [
                  "172.23.0.0/16"
                ],
                "description": "SSH port",
                "from_port": 22,
                "ipv6_cidr_blocks": [],
                "prefix_list_ids": [],
                "protocol": "tcp",
                "security_groups": [],
                "self": false,
                "to_port": 22
              }
            ],
            "name": "sg_caldera_linux",
            "name_prefix": "",
            "owner_id": "136671672801",
            "revoke_rules_on_delete": false,
            "tags": {
              "environment": "caldera-test"
            },
            "tags_all": {
              "environment": "caldera-test"
            },
            "timeouts": null,
            "vpc_id": "vpc-0db114e76b336c80b"
          },
          "sensitive_attributes": [],
          "private": "eyJlMmJmYjczMC1lY2FhLTExZTYtOGY4OC0zNDM2M2JjN2M0YzAiOnsiY3JlYXRlIjo2MDAwMDAwMDAwMDAsImRlbGV0ZSI6OTAwMDAwMDAwMDAwfSwic2NoZW1hX3ZlcnNpb24iOiIxIn0=",
          "dependencies": [
            "module.vpc.aws_vpc.this"
          ]
        }
      ]
    },
    {
      "mode": "managed",
      "type": "aws_security_group",
      "name": "sg_caldera_server",
      "provider": "provider[\"registry.terraform.io/hashicorp/aws\"]",
      "instances": [
        {
          "schema_version": 1,
          "attributes": {
            "arn": "arn:aws:ec2:us-east-1:136671672801:security-group/sg-0ba29a19e9d9d20af",
            "description": "Allow ports for caldera server",
            "egress": [
              {
                "cidr_blocks": [
                  "0.0.0.0/0"
                ],
                "description": "",
                "from_port": 0,
                "ipv6_cidr_blocks": [],
                "prefix_list_ids": [],
                "protocol": "-1",
                "security_groups": [],
                "self": false,
                "to_port": 0
              }
            ],
            "id": "sg-0ba29a19e9d9d20af",
            "ingress": [
              {
                "cidr_blocks": [
                  "0.0.0.0/0"
                ],
                "description": "Caldera server port",
                "from_port": 2288,
                "ipv6_cidr_blocks": [],
                "prefix_list_ids": [],
                "protocol": "tcp",
                "security_groups": [],
                "self": false,
                "to_port": 2288
              },
              {
                "cidr_blocks": [
                  "0.0.0.0/0"
                ],
                "description": "SSH from VPC",
                "from_port": 22,
                "ipv6_cidr_blocks": [],
                "prefix_list_ids": [],
                "protocol": "tcp",
                "security_groups": [],
                "self": false,
                "to_port": 22
              }
            ],
            "name": "sg_caldera_server",
            "name_prefix": "",
            "owner_id": "136671672801",
            "revoke_rules_on_delete": false,
            "tags": {
              "environment": "caldera-test"
            },
            "tags_all": {
              "environment": "caldera-test"
            },
            "timeouts": null,
            "vpc_id": "vpc-0db114e76b336c80b"
          },
          "sensitive_attributes": [],
          "private": "eyJlMmJmYjczMC1lY2FhLTExZTYtOGY4OC0zNDM2M2JjN2M0YzAiOnsiY3JlYXRlIjo2MDAwMDAwMDAwMDAsImRlbGV0ZSI6OTAwMDAwMDAwMDAwfSwic2NoZW1hX3ZlcnNpb24iOiIxIn0=",
          "dependencies": [
            "module.vpc.aws_vpc.this"
          ]
        }
      ]
    },
    {
      "mode": "managed",
      "type": "aws_security_group",
      "name": "sg_caldera_windows",
      "provider": "provider[\"registry.terraform.io/hashicorp/aws\"]",
      "instances": [
        {
          "schema_version": 1,
          "attributes": {
            "arn": "arn:aws:ec2:us-east-1:136671672801:security-group/sg-0641bd6c4a7aa3cd0",
            "description": "Allow RDP for windows host",
            "egress": [
              {
                "cidr_blocks": [
                  "0.0.0.0/0"
                ],
                "description": "",
                "from_port": 0,
                "ipv6_cidr_blocks": [],
                "prefix_list_ids": [],
                "protocol": "-1",
                "security_groups": [],
                "self": false,
                "to_port": 0
              }
            ],
            "id": "sg-0641bd6c4a7aa3cd0",
            "ingress": [
              {
                "cidr_blocks": [
                  "0.0.0.0/0"
                ],
                "description": "RDP port",
                "from_port": 3389,
                "ipv6_cidr_blocks": [],
                "prefix_list_ids": [],
                "protocol": "tcp",
                "security_groups": [],
                "self": false,
                "to_port": 3389
              }
            ],
            "name": "sg_caldera_windows",
            "name_prefix": "",
            "owner_id": "136671672801",
            "revoke_rules_on_delete": false,
            "tags": {
              "environment": "caldera-test"
            },
            "tags_all": {
              "environment": "caldera-test"
            },
            "timeouts": null,
            "vpc_id": "vpc-0db114e76b336c80b"
          },
          "sensitive_attributes": [],
          "private": "eyJlMmJmYjczMC1lY2FhLTExZTYtOGY4OC0zNDM2M2JjN2M0YzAiOnsiY3JlYXRlIjo2MDAwMDAwMDAwMDAsImRlbGV0ZSI6OTAwMDAwMDAwMDAwfSwic2NoZW1hX3ZlcnNpb24iOiIxIn0=",
          "dependencies": [
            "module.vpc.aws_vpc.this"
          ]
        }
      ]
    },
    {
      "module": "module.aws_rsa_key",
      "mode": "managed",
      "type": "aws_key_pair",
      "name": "worker",
      "provider": "provider[\"registry.terraform.io/hashicorp/aws\"]",
      "instances": [
        {
          "schema_version": 1,
          "attributes": {
            "arn": "arn:aws:ec2:us-east-1:136671672801:key-pair/caldera-nodes",
            "fingerprint": "5e:48:c6:a7:d4:e0:23:a1:4c:cb:fe:14:77:83:77:93",
            "id": "caldera-nodes",
            "key_name": "caldera-nodes",
            "key_name_prefix": "",
            "key_pair_id": "key-0a35a5a494974d4f8",
            "key_type": "rsa",
            "public_key": "ssh-rsa AAAAB3NzaC1yc2EAAAADAQABAAACAQDt6OWeBNbpreqeA92gal50rvGGtTRMXXJ5dpNdR/jAHSmEvhaleaT1AFKkNzzeNBRVnAOgm/4VdjMLkGqJDaD326+ZxEe+UkuxfU8Ov+V5gFLYlPhnGuAz9brqHnRUwKi5yuxVpV0DZXRoyAZV77+dbbzWV0QQqKfSodU89EoMrnOcT3dpfzXCWrY7nfxCzrBM/XgD8yG9mehdS8zsKNA/dj//2UmKR6GCMua9wlNXaDcQFSi+wIWD0wq7uo45R4koZojj4bDMfLbImhiaG6YPuFaynt/yhVOFjuWld6HDYPs+6xz5F6RXJPtSxeFywnp+Zn2fC7dpR9fhpKxzEXgkFqjxW8DQwBMpiqIWcXrAIVrPM38BzQkpXhm2F1lc5xWmayjrlBxPXqIuuYLuBQq6gWJlt3i2gT7sBf8EZPoAG8vZ2uanb2dpZ4ZFW3aUn2nJ7Thp6OqosnOYzuX7o3xXbywCcOqz2kFV6sWUcGyFxqxbx3sZJ46UWWp24EipZWrCrcxQwCYJ84434cNso/g+vulAr4qa7WmL9YJG2Z3m4fEzqMCy6lyr9OBq1LF4HEb7QkGCqN2DlBt47IKld0Yg4waC618yZzAElEI5s6vI9WlJGvN+Bgp1u382WffM4gZ2rdNTmt488clR920NHnBhuDJgFCXyDyJswRcQAeil8Q==",
            "tags": {},
            "tags_all": {}
          },
          "sensitive_attributes": [],
          "private": "eyJzY2hlbWFfdmVyc2lvbiI6IjEifQ==",
          "dependencies": [
            "module.aws_rsa_key.tls_private_key.ssh_key",
            "module.vpc.aws_cloudwatch_log_group.flow_log",
            "module.vpc.aws_customer_gateway.this",
            "module.vpc.aws_db_subnet_group.database",
            "module.vpc.aws_default_network_acl.this",
            "module.vpc.aws_default_route_table.default",
            "module.vpc.aws_default_security_group.this",
            "module.vpc.aws_default_vpc.this",
            "module.vpc.aws_egress_only_internet_gateway.this",
            "module.vpc.aws_eip.nat",
            "module.vpc.aws_elasticache_subnet_group.elasticache",
            "module.vpc.aws_flow_log.this",
            "module.vpc.aws_iam_policy.vpc_flow_log_cloudwatch",
            "module.vpc.aws_iam_role.vpc_flow_log_cloudwatch",
            "module.vpc.aws_iam_role_policy_attachment.vpc_flow_log_cloudwatch",
            "module.vpc.aws_internet_gateway.this",
            "module.vpc.aws_nat_gateway.this",
            "module.vpc.aws_network_acl.database",
            "module.vpc.aws_network_acl.elasticache",
            "module.vpc.aws_network_acl.intra",
            "module.vpc.aws_network_acl.outpost",
            "module.vpc.aws_network_acl.private",
            "module.vpc.aws_network_acl.public",
            "module.vpc.aws_network_acl.redshift",
            "module.vpc.aws_network_acl_rule.database_inbound",
            "module.vpc.aws_network_acl_rule.database_outbound",
            "module.vpc.aws_network_acl_rule.elasticache_inbound",
            "module.vpc.aws_network_acl_rule.elasticache_outbound",
            "module.vpc.aws_network_acl_rule.intra_inbound",
            "module.vpc.aws_network_acl_rule.intra_outbound",
            "module.vpc.aws_network_acl_rule.outpost_inbound",
            "module.vpc.aws_network_acl_rule.outpost_outbound",
            "module.vpc.aws_network_acl_rule.private_inbound",
            "module.vpc.aws_network_acl_rule.private_outbound",
            "module.vpc.aws_network_acl_rule.public_inbound",
            "module.vpc.aws_network_acl_rule.public_outbound",
            "module.vpc.aws_network_acl_rule.redshift_inbound",
            "module.vpc.aws_network_acl_rule.redshift_outbound",
            "module.vpc.aws_redshift_subnet_group.redshift",
            "module.vpc.aws_route.database_internet_gateway",
            "module.vpc.aws_route.database_ipv6_egress",
            "module.vpc.aws_route.database_nat_gateway",
            "module.vpc.aws_route.private_ipv6_egress",
            "module.vpc.aws_route.private_nat_gateway",
            "module.vpc.aws_route.public_internet_gateway",
            "module.vpc.aws_route.public_internet_gateway_ipv6",
            "module.vpc.aws_route_table.database",
            "module.vpc.aws_route_table.elasticache",
            "module.vpc.aws_route_table.intra",
            "module.vpc.aws_route_table.private",
            "module.vpc.aws_route_table.public",
            "module.vpc.aws_route_table.redshift",
            "module.vpc.aws_route_table_association.database",
            "module.vpc.aws_route_table_association.elasticache",
            "module.vpc.aws_route_table_association.intra",
            "module.vpc.aws_route_table_association.outpost",
            "module.vpc.aws_route_table_association.private",
            "module.vpc.aws_route_table_association.public",
            "module.vpc.aws_route_table_association.redshift",
            "module.vpc.aws_route_table_association.redshift_public",
            "module.vpc.aws_subnet.database",
            "module.vpc.aws_subnet.elasticache",
            "module.vpc.aws_subnet.intra",
            "module.vpc.aws_subnet.outpost",
            "module.vpc.aws_subnet.private",
            "module.vpc.aws_subnet.public",
            "module.vpc.aws_subnet.redshift",
            "module.vpc.aws_vpc.this",
            "module.vpc.aws_vpc_dhcp_options.this",
            "module.vpc.aws_vpc_dhcp_options_association.this",
            "module.vpc.aws_vpc_ipv4_cidr_block_association.this",
            "module.vpc.aws_vpn_gateway.this",
            "module.vpc.aws_vpn_gateway_attachment.this",
            "module.vpc.aws_vpn_gateway_route_propagation.intra",
            "module.vpc.aws_vpn_gateway_route_propagation.private",
            "module.vpc.aws_vpn_gateway_route_propagation.public",
            "module.vpc.data.aws_iam_policy_document.flow_log_cloudwatch_assume_role",
            "module.vpc.data.aws_iam_policy_document.vpc_flow_log_cloudwatch"
          ]
        }
      ]
    },
    {
      "module": "module.aws_rsa_key",
      "mode": "managed",
      "type": "tls_private_key",
      "name": "ssh_key",
      "provider": "provider[\"registry.terraform.io/hashicorp/tls\"]",
      "instances": [
        {
          "schema_version": 1,
          "attributes": {
            "algorithm": "RSA",
            "ecdsa_curve": "P224",
            "id": "4aff29a6f92137770406b1efeda4265d482c818a",
            "private_key_openssh": "-----BEGIN OPENSSH PRIVATE KEY-----\nb3BlbnNzaC1rZXktdjEAAAAABG5vbmUAAAAEbm9uZQAAAAAAAAABAAACFwAAAAdz\nc2gtcnNhAAAAAwEAAQAAAgEA7ejlngTW6a3qngPdoGpedK7xhrU0TF1yeXaTXUf4\nwB0phL4WpXmk9QBSpDc83jQUVZwDoJv+FXYzC5BqiQ2g99uvmcRHvlJLsX1PDr/l\neYBS2JT4ZxrgM/W66h50VMCoucrsVaVdA2V0aMgGVe+/nW281ldEEKin0qHVPPRK\nDK5znE93aX81wlq2O538Qs6wTP14A/MhvZnoXUvM7CjQP3Y//9lJikehgjLmvcJT\nV2g3EBUovsCFg9MKu7qOOUeJKGaI4+GwzHy2yJoYmhumD7hWsp7f8oVThY7lpXeh\nw2D7Pusc+RekVyT7UsXhcsJ6fmZ9nwu3aUfX4aSscxF4JBao8VvA0MATKYqiFnF6\nwCFazzN/Ac0JKV4ZthdZXOcVpmso65QcT16iLrmC7gUKuoFiZbd4toE+7AX/BGT6\nABvL2drmp29naWeGRVt2lJ9pye04aejqqLJzmM7l+6N8V28sAnDqs9pBVerFlHBs\nhcasW8d7GSeOlFlqduBIqWVqwq3MUMAmCfOON+HDbKP4Pr7pQK+Kmu1pi/WCRtmd\n5uHxM6jAsupcq/TgatSxeBxG+0JBgqjdg5QbeOyCpXdGIOMGgutfMmcwBJRCObOr\nyPVpSRrzfgYKdbt/Nln3zOIGdq3TU5rePPHJUfdtDR5wYbgyYBQl8g8ibMEXEAHo\npfEAAAc4j9h4oY/YeKEAAAAHc3NoLXJzYQAAAgEA7ejlngTW6a3qngPdoGpedK7x\nhrU0TF1yeXaTXUf4wB0phL4WpXmk9QBSpDc83jQUVZwDoJv+FXYzC5BqiQ2g99uv\nmcRHvlJLsX1PDr/leYBS2JT4ZxrgM/W66h50VMCoucrsVaVdA2V0aMgGVe+/nW28\n1ldEEKin0qHVPPRKDK5znE93aX81wlq2O538Qs6wTP14A/MhvZnoXUvM7CjQP3Y/\n/9lJikehgjLmvcJTV2g3EBUovsCFg9MKu7qOOUeJKGaI4+GwzHy2yJoYmhumD7hW\nsp7f8oVThY7lpXehw2D7Pusc+RekVyT7UsXhcsJ6fmZ9nwu3aUfX4aSscxF4JBao\n8VvA0MATKYqiFnF6wCFazzN/Ac0JKV4ZthdZXOcVpmso65QcT16iLrmC7gUKuoFi\nZbd4toE+7AX/BGT6ABvL2drmp29naWeGRVt2lJ9pye04aejqqLJzmM7l+6N8V28s\nAnDqs9pBVerFlHBshcasW8d7GSeOlFlqduBIqWVqwq3MUMAmCfOON+HDbKP4Pr7p\nQK+Kmu1pi/WCRtmd5uHxM6jAsupcq/TgatSxeBxG+0JBgqjdg5QbeOyCpXdGIOMG\ngutfMmcwBJRCObOryPVpSRrzfgYKdbt/Nln3zOIGdq3TU5rePPHJUfdtDR5wYbgy\nYBQl8g8ibMEXEAHopfEAAAADAQABAAACAQCNfxDh9LrlbJy3slDkEZ9wAoR/u9IJ\nASMOfqmStzWI/U8uNeg+LqUfWjvMk1XOSmc1q360zVJG7W/alt/l94cfIzfDWmvZ\nFBUU0RRuD0+p/dpIGgHLQL7L6IBssgQ6TAONzNTW82zokjS0BRNPlTH/rb68NFa1\nGboGml26zQgllrQH6XN5+UC+ATmVJ5dbHJbak34Hy1jr7Ve39VdBtdx1ghz6S/9j\nEMtMJn35qlPrDn6BQDRljxdZmfEuSfxAsP0wXBtafWarmBkWIiAzt/ICM37M6ZUE\nJqvQKXcH/KjnDQ0hFLC8rYT+l24qgqpdmLFF8CsSpuNE6IfLGie+oEs09dCHdhm0\nUOU+IJ7Pt/M9HMq3cLYi6gbCxUj93BepU8AdiNM+1qfRHJt2WLZI+XUD2vkgDgkR\nwnU9MXj7siIVzVd+TTfXpzA6aH1LLns8+q+SNvtbK6dyf1DT1p+Km3jPwAfu82F8\nPkDN2zptPPcG1aDvSOR69e2h3j+++iv/f2DSwcO4M5/vXdUaoUJv22db7hwIqvpI\nJVyyAquvbYgOA9RmB+KbOtHUBNY6YSSEo4d2oaR/dm0+2P8FkJrOk2wJwzhEoF9T\nyMy20cndwjXGGVthHrT8Rma1SABjM/HWVhEHumFPUjlbwIMcRK9US3Ueq8LT/ZUd\nJLJR76vYnDOx6QAAAQBGs4akOECxbASjyjojrEDGjfmrlh0toJucMp1rR2+Lk1Di\n2JPBd3eY7uWku02/C8Qho77ZtjgISi1HzTxEuMn7vQITshRXC7uLjeXsYWyaE088\nZdkgA4svyNVPFWdEYhSnN2PRLA0mBaK+ZiqSf12k6ie7SoUIYLAlkxAg67/IglW2\neH6GBnH6BrubDt+P0hy9OWDnUizZRmKaPpnm5dTx2UafgsI2Tz8hJUbpAvG2I8HB\nylsUwHSk4q1HoiSIdMG1B4iV/uRsF+18KL/1FdxGvrW7Asm0fCnUjVLreErCsKEr\n1fmBFc06cd0B+LDBMhCuuEuRwKgFb4uiZfxSaBMQAAABAQDuWWz7UQd+ud/feFUp\n0izBG28t2eTbsR0DY7Kjv8CFlO5P/iMEfqr23jR2qtBPCfO4mQF/EtR4PLiy2VP2\n3nwt2CQNssNNFNDKuLPP8ExINmVbDsDcaWisn5t6+1boqjog+XL9Dc0RZ4mbxhUR\nXkFayJO6wgIMGRb3Xx9+JjfC4H3mkSw1Ffoa21nESUDb4kJZXaRkgRLAZugp5GEh\nF+UUPV29tSImklqid+plDnFfABynvkgCFXi2kK5rUGQmhPXrMMacoW00xknQZTqh\nJnXVGSo4QGLJa7cIfqm41LnSvZXuy4WQfoVVDa0NKYLPzUYCdiXjv+Cz2Cwejh7b\n9pkLAAABAQD/hyNW/AhKBWxcVIJa9ikpQ1PPR4mSvk3E928437TRJWRViWNq26gv\ng9s70AAUJWPVdMPdwT4UXUWhlC2lBArcv7wg1hIkME08UukK9qlLi7yxtEQv3KWO\nWdjXNgwFht2a9tApwxRQeBg7c0xN1UynNjOQ2w9XZ+9moZQVY88SmRJVaGUpX010\nPAN4bzIJAdp4iikWTfzFFsSIkxlmxVLdOd9SRhcot6jacGNiXSws8SiaM/zhurpK\nOiJ58Wj1DQFOivtXWG2RgvcvhKzr9SwlOqdnRtYRlNRhp8wV3cudoFltTpg6GrCS\niLm1yikmp/sP5sMV8w+LjcdNIOtQ0XJzAAAAAAEC\n-----END OPENSSH PRIVATE KEY-----\n",
            "private_key_pem": "-----BEGIN RSA PRIVATE KEY-----\nMIIJKgIBAAKCAgEA7ejlngTW6a3qngPdoGpedK7xhrU0TF1yeXaTXUf4wB0phL4W\npXmk9QBSpDc83jQUVZwDoJv+FXYzC5BqiQ2g99uvmcRHvlJLsX1PDr/leYBS2JT4\nZxrgM/W66h50VMCoucrsVaVdA2V0aMgGVe+/nW281ldEEKin0qHVPPRKDK5znE93\naX81wlq2O538Qs6wTP14A/MhvZnoXUvM7CjQP3Y//9lJikehgjLmvcJTV2g3EBUo\nvsCFg9MKu7qOOUeJKGaI4+GwzHy2yJoYmhumD7hWsp7f8oVThY7lpXehw2D7Pusc\n+RekVyT7UsXhcsJ6fmZ9nwu3aUfX4aSscxF4JBao8VvA0MATKYqiFnF6wCFazzN/\nAc0JKV4ZthdZXOcVpmso65QcT16iLrmC7gUKuoFiZbd4toE+7AX/BGT6ABvL2drm\np29naWeGRVt2lJ9pye04aejqqLJzmM7l+6N8V28sAnDqs9pBVerFlHBshcasW8d7\nGSeOlFlqduBIqWVqwq3MUMAmCfOON+HDbKP4Pr7pQK+Kmu1pi/WCRtmd5uHxM6jA\nsupcq/TgatSxeBxG+0JBgqjdg5QbeOyCpXdGIOMGgutfMmcwBJRCObOryPVpSRrz\nfgYKdbt/Nln3zOIGdq3TU5rePPHJUfdtDR5wYbgyYBQl8g8ibMEXEAHopfECAwEA\nAQKCAgEAjX8Q4fS65Wyct7JQ5BGfcAKEf7vSCQEjDn6pkrc1iP1PLjXoPi6lH1o7\nzJNVzkpnNat+tM1SRu1v2pbf5feHHyM3w1pr2RQVFNEUbg9Pqf3aSBoBy0C+y+iA\nbLIEOkwDjczU1vNs6JI0tAUTT5Ux/62+vDRWtRm6Bppdus0IJZa0B+lzeflAvgE5\nlSeXWxyW2pN+B8tY6+1Xt/VXQbXcdYIc+kv/YxDLTCZ9+apT6w5+gUA0ZY8XWZnx\nLkn8QLD9MFwbWn1mq5gZFiIgM7fyAjN+zOmVBCar0Cl3B/yo5w0NIRSwvK2E/pdu\nKoKqXZixRfArEqbjROiHyxonvqBLNPXQh3YZtFDlPiCez7fzPRzKt3C2IuoGwsVI\n/dwXqVPAHYjTPtan0Rybdli2SPl1A9r5IA4JEcJ1PTF4+7IiFc1Xfk0316cwOmh9\nSy57PPqvkjb7Wyuncn9Q09afipt4z8AH7vNhfD5Azds6bTz3BtWg70jkevXtod4/\nvvor/39g0sHDuDOf713VGqFCb9tnW+4cCKr6SCVcsgKrr22IDgPUZgfimzrR1ATW\nOmEkhKOHdqGkf3ZtPtj/BZCazpNsCcM4RKBfU8jMttHJ3cI1xhlbYR60/EZmtUgA\nYzPx1lYRB7phT1I5W8CDHESvVEt1HqvC0/2VHSSyUe+r2JwzsekCggEBAO5ZbPtR\nB3653994VSnSLMEbby3Z5NuxHQNjsqO/wIWU7k/+IwR+qvbeNHaq0E8J87iZAX8S\n1Hg8uLLZU/befC3YJA2yw00U0Mq4s8/wTEg2ZVsOwNxpaKyfm3r7VuiqOiD5cv0N\nzRFniZvGFRFeQVrIk7rCAgwZFvdfH34mN8LgfeaRLDUV+hrbWcRJQNviQlldpGSB\nEsBm6CnkYSEX5RQ9Xb21IiaSWqJ36mUOcV8AHKe+SAIVeLaQrmtQZCaE9eswxpyh\nbTTGSdBlOqEmddUZKjhAYslrtwh+qbjUudK9le7LhZB+hVUNrQ0pgs/NRgJ2JeO/\n4LPYLB6OHtv2mQsCggEBAP+HI1b8CEoFbFxUglr2KSlDU89HiZK+TcT3bzjftNEl\nZFWJY2rbqC+D2zvQABQlY9V0w93BPhRdRaGULaUECty/vCDWEiQwTTxS6Qr2qUuL\nvLG0RC/cpY5Z2Nc2DAWG3Zr20CnDFFB4GDtzTE3VTKc2M5DbD1dn72ahlBVjzxKZ\nElVoZSlfTXQ8A3hvMgkB2niKKRZN/MUWxIiTGWbFUt0531JGFyi3qNpwY2JdLCzx\nKJoz/OG6uko6InnxaPUNAU6K+1dYbZGC9y+ErOv1LCU6p2dG1hGU1GGnzBXdy52g\nWW1OmDoasJKIubXKKSan+w/mwxXzD4uNx00g61DRcnMCggEBAIV+rJ1t2sbNkGf3\nW6uavdpCZVjG63loj5lwY4N3SHsI2RkQe8husY6nEbdNIHLEXi8L81yazUmyqLfz\nJSXloqOCpV7OurgXaoHARWW3buIbJVWEw9wvZaMZmdmdoCWcAgap8A9vhWW0GcyX\newFJS01vfd5h/weLneNa8aaT/TM2zQ0wThRFhNk59eMMLDl7VjH7UrG/4SLGAE5G\nTWhdm75kSHaSVthHrF/Gzg9fsXvF8ka5OleAcyW9jxMn6Y/xdFMP9I2RlDq0vG7t\n45KSmfiKqazr0uiBXfhyCNkuvA0ehjVC5EHzuvXSPRRcJZoBnK6QQdR3iYDxGHTc\noMgOK9UCggEBALBp3i4pppdkEyHTfoPKOzSvtOcAHqzfEdYQdgsv9ygFxrV/OtIF\ngKH9SJiMy+Ecx0YRbUBmL7PjiTU6liC9H7qz7PBGmxO8/TXOj/HvxYXQnZ+aMxFQ\nJkSXJyu9tqMCL3DTQXfzpMzBfQleWqnJvzgaJZO2iWrw6MlUeGYkGExgvdWVU3Iy\nx8idvk+hhUvOqcRarm8lvINdaqZX2Eupo8H0OIgWt9p2oe7ddN/uL5d/j2aWydoW\nDpM8e5zw3GOCbQqKzWfKNysk3f9CfBgTljzFt9mHgDd3JwGc1Tureu4CTHs4rcQ/\ntPQVzREC11JG2wBpcvpuaqcQZS6MsamEUJ0CggEARrOGpDhAsWwEo8o6I6xAxo35\nq5YdLaCbnDKda0dvi5NQ4tiTwXd3mO7lpLtNvwvEIaO+2bY4CEotR808RLjJ+70C\nE7IUVwu7i43l7GFsmhNPPGXZIAOLL8jVTxVnRGIUpzdj0SwNJgWivmYqkn9dpOon\nu0qFCGCwJZMQIOu/yIJVtnh+hgZx+ga7mw7fj9IcvTlg51Is2UZimj6Z5uXU8dlG\nn4LCNk8/ISVG6QLxtiPBwcpbFMB0pOKtR6IkiHTBtQeIlf7kbBftfCi/9RXcRr61\nuwLJtHwp1I1S63hKwrChK9X5gRXNOnHdAfiwwTIQrrhLkcCoBW+LomX8UmgTEA==\n-----END RSA PRIVATE KEY-----\n",
            "private_key_pem_pkcs8": "-----BEGIN PRIVATE KEY-----\nMIIJRAIBADANBgkqhkiG9w0BAQEFAASCCS4wggkqAgEAAoICAQDt6OWeBNbpreqe\nA92gal50rvGGtTRMXXJ5dpNdR/jAHSmEvhaleaT1AFKkNzzeNBRVnAOgm/4VdjML\nkGqJDaD326+ZxEe+UkuxfU8Ov+V5gFLYlPhnGuAz9brqHnRUwKi5yuxVpV0DZXRo\nyAZV77+dbbzWV0QQqKfSodU89EoMrnOcT3dpfzXCWrY7nfxCzrBM/XgD8yG9mehd\nS8zsKNA/dj//2UmKR6GCMua9wlNXaDcQFSi+wIWD0wq7uo45R4koZojj4bDMfLbI\nmhiaG6YPuFaynt/yhVOFjuWld6HDYPs+6xz5F6RXJPtSxeFywnp+Zn2fC7dpR9fh\npKxzEXgkFqjxW8DQwBMpiqIWcXrAIVrPM38BzQkpXhm2F1lc5xWmayjrlBxPXqIu\nuYLuBQq6gWJlt3i2gT7sBf8EZPoAG8vZ2uanb2dpZ4ZFW3aUn2nJ7Thp6OqosnOY\nzuX7o3xXbywCcOqz2kFV6sWUcGyFxqxbx3sZJ46UWWp24EipZWrCrcxQwCYJ8443\n4cNso/g+vulAr4qa7WmL9YJG2Z3m4fEzqMCy6lyr9OBq1LF4HEb7QkGCqN2DlBt4\n7IKld0Yg4waC618yZzAElEI5s6vI9WlJGvN+Bgp1u382WffM4gZ2rdNTmt488clR\n920NHnBhuDJgFCXyDyJswRcQAeil8QIDAQABAoICAQCNfxDh9LrlbJy3slDkEZ9w\nAoR/u9IJASMOfqmStzWI/U8uNeg+LqUfWjvMk1XOSmc1q360zVJG7W/alt/l94cf\nIzfDWmvZFBUU0RRuD0+p/dpIGgHLQL7L6IBssgQ6TAONzNTW82zokjS0BRNPlTH/\nrb68NFa1GboGml26zQgllrQH6XN5+UC+ATmVJ5dbHJbak34Hy1jr7Ve39VdBtdx1\nghz6S/9jEMtMJn35qlPrDn6BQDRljxdZmfEuSfxAsP0wXBtafWarmBkWIiAzt/IC\nM37M6ZUEJqvQKXcH/KjnDQ0hFLC8rYT+l24qgqpdmLFF8CsSpuNE6IfLGie+oEs0\n9dCHdhm0UOU+IJ7Pt/M9HMq3cLYi6gbCxUj93BepU8AdiNM+1qfRHJt2WLZI+XUD\n2vkgDgkRwnU9MXj7siIVzVd+TTfXpzA6aH1LLns8+q+SNvtbK6dyf1DT1p+Km3jP\nwAfu82F8PkDN2zptPPcG1aDvSOR69e2h3j+++iv/f2DSwcO4M5/vXdUaoUJv22db\n7hwIqvpIJVyyAquvbYgOA9RmB+KbOtHUBNY6YSSEo4d2oaR/dm0+2P8FkJrOk2wJ\nwzhEoF9TyMy20cndwjXGGVthHrT8Rma1SABjM/HWVhEHumFPUjlbwIMcRK9US3Ue\nq8LT/ZUdJLJR76vYnDOx6QKCAQEA7lls+1EHfrnf33hVKdIswRtvLdnk27EdA2Oy\no7/AhZTuT/4jBH6q9t40dqrQTwnzuJkBfxLUeDy4stlT9t58LdgkDbLDTRTQyriz\nz/BMSDZlWw7A3GlorJ+bevtW6Ko6IPly/Q3NEWeJm8YVEV5BWsiTusICDBkW918f\nfiY3wuB95pEsNRX6GttZxElA2+JCWV2kZIESwGboKeRhIRflFD1dvbUiJpJaonfq\nZQ5xXwAcp75IAhV4tpCua1BkJoT16zDGnKFtNMZJ0GU6oSZ11RkqOEBiyWu3CH6p\nuNS50r2V7suFkH6FVQ2tDSmCz81GAnYl47/gs9gsHo4e2/aZCwKCAQEA/4cjVvwI\nSgVsXFSCWvYpKUNTz0eJkr5NxPdvON+00SVkVYljatuoL4PbO9AAFCVj1XTD3cE+\nFF1FoZQtpQQK3L+8INYSJDBNPFLpCvapS4u8sbREL9yljlnY1zYMBYbdmvbQKcMU\nUHgYO3NMTdVMpzYzkNsPV2fvZqGUFWPPEpkSVWhlKV9NdDwDeG8yCQHaeIopFk38\nxRbEiJMZZsVS3TnfUkYXKLeo2nBjYl0sLPEomjP84bq6SjoiefFo9Q0BTor7V1ht\nkYL3L4Ss6/UsJTqnZ0bWEZTUYafMFd3LnaBZbU6YOhqwkoi5tcopJqf7D+bDFfMP\ni43HTSDrUNFycwKCAQEAhX6snW3axs2QZ/dbq5q92kJlWMbreWiPmXBjg3dIewjZ\nGRB7yG6xjqcRt00gcsReLwvzXJrNSbKot/MlJeWio4KlXs66uBdqgcBFZbdu4hsl\nVYTD3C9loxmZ2Z2gJZwCBqnwD2+FZbQZzJd7AUlLTW993mH/B4ud41rxppP9MzbN\nDTBOFEWE2Tn14wwsOXtWMftSsb/hIsYATkZNaF2bvmRIdpJW2EesX8bOD1+xe8Xy\nRrk6V4BzJb2PEyfpj/F0Uw/0jZGUOrS8bu3jkpKZ+IqprOvS6IFd+HII2S68DR6G\nNULkQfO69dI9FFwlmgGcrpBB1HeJgPEYdNygyA4r1QKCAQEAsGneLimml2QTIdN+\ng8o7NK+05wAerN8R1hB2Cy/3KAXGtX860gWAof1ImIzL4RzHRhFtQGYvs+OJNTqW\nIL0furPs8EabE7z9Nc6P8e/FhdCdn5ozEVAmRJcnK722owIvcNNBd/OkzMF9CV5a\nqcm/OBolk7aJavDoyVR4ZiQYTGC91ZVTcjLHyJ2+T6GFS86pxFqubyW8g11qplfY\nS6mjwfQ4iBa32nah7t103+4vl3+PZpbJ2hYOkzx7nPDcY4JtCorNZ8o3KyTd/0J8\nGBOWPMW32YeAN3cnAZzVO6t67gJMezitxD+09BXNEQLXUkbbAGly+m5qpxBlLoyx\nqYRQnQKCAQBGs4akOECxbASjyjojrEDGjfmrlh0toJucMp1rR2+Lk1Di2JPBd3eY\n7uWku02/C8Qho77ZtjgISi1HzTxEuMn7vQITshRXC7uLjeXsYWyaE088ZdkgA4sv\nyNVPFWdEYhSnN2PRLA0mBaK+ZiqSf12k6ie7SoUIYLAlkxAg67/IglW2eH6GBnH6\nBrubDt+P0hy9OWDnUizZRmKaPpnm5dTx2UafgsI2Tz8hJUbpAvG2I8HBylsUwHSk\n4q1HoiSIdMG1B4iV/uRsF+18KL/1FdxGvrW7Asm0fCnUjVLreErCsKEr1fmBFc06\ncd0B+LDBMhCuuEuRwKgFb4uiZfxSaBMQ\n-----END PRIVATE KEY-----\n",
            "public_key_fingerprint_md5": "9c:a0:eb:e1:7f:6d:36:53:16:f1:48:3b:99:72:da:01",
            "public_key_fingerprint_sha256": "SHA256:qi4payGM0eKsTCl5PjZmlOihXqI0pslxr/sXf6rl2Jw",
            "public_key_openssh": "ssh-rsa AAAAB3NzaC1yc2EAAAADAQABAAACAQDt6OWeBNbpreqeA92gal50rvGGtTRMXXJ5dpNdR/jAHSmEvhaleaT1AFKkNzzeNBRVnAOgm/4VdjMLkGqJDaD326+ZxEe+UkuxfU8Ov+V5gFLYlPhnGuAz9brqHnRUwKi5yuxVpV0DZXRoyAZV77+dbbzWV0QQqKfSodU89EoMrnOcT3dpfzXCWrY7nfxCzrBM/XgD8yG9mehdS8zsKNA/dj//2UmKR6GCMua9wlNXaDcQFSi+wIWD0wq7uo45R4koZojj4bDMfLbImhiaG6YPuFaynt/yhVOFjuWld6HDYPs+6xz5F6RXJPtSxeFywnp+Zn2fC7dpR9fhpKxzEXgkFqjxW8DQwBMpiqIWcXrAIVrPM38BzQkpXhm2F1lc5xWmayjrlBxPXqIuuYLuBQq6gWJlt3i2gT7sBf8EZPoAG8vZ2uanb2dpZ4ZFW3aUn2nJ7Thp6OqosnOYzuX7o3xXbywCcOqz2kFV6sWUcGyFxqxbx3sZJ46UWWp24EipZWrCrcxQwCYJ84434cNso/g+vulAr4qa7WmL9YJG2Z3m4fEzqMCy6lyr9OBq1LF4HEb7QkGCqN2DlBt47IKld0Yg4waC618yZzAElEI5s6vI9WlJGvN+Bgp1u382WffM4gZ2rdNTmt488clR920NHnBhuDJgFCXyDyJswRcQAeil8Q==\n",
            "public_key_pem": "-----BEGIN PUBLIC KEY-----\nMIICIjANBgkqhkiG9w0BAQEFAAOCAg8AMIICCgKCAgEA7ejlngTW6a3qngPdoGpe\ndK7xhrU0TF1yeXaTXUf4wB0phL4WpXmk9QBSpDc83jQUVZwDoJv+FXYzC5BqiQ2g\n99uvmcRHvlJLsX1PDr/leYBS2JT4ZxrgM/W66h50VMCoucrsVaVdA2V0aMgGVe+/\nnW281ldEEKin0qHVPPRKDK5znE93aX81wlq2O538Qs6wTP14A/MhvZnoXUvM7CjQ\nP3Y//9lJikehgjLmvcJTV2g3EBUovsCFg9MKu7qOOUeJKGaI4+GwzHy2yJoYmhum\nD7hWsp7f8oVThY7lpXehw2D7Pusc+RekVyT7UsXhcsJ6fmZ9nwu3aUfX4aSscxF4\nJBao8VvA0MATKYqiFnF6wCFazzN/Ac0JKV4ZthdZXOcVpmso65QcT16iLrmC7gUK\nuoFiZbd4toE+7AX/BGT6ABvL2drmp29naWeGRVt2lJ9pye04aejqqLJzmM7l+6N8\nV28sAnDqs9pBVerFlHBshcasW8d7GSeOlFlqduBIqWVqwq3MUMAmCfOON+HDbKP4\nPr7pQK+Kmu1pi/WCRtmd5uHxM6jAsupcq/TgatSxeBxG+0JBgqjdg5QbeOyCpXdG\nIOMGgutfMmcwBJRCObOryPVpSRrzfgYKdbt/Nln3zOIGdq3TU5rePPHJUfdtDR5w\nYbgyYBQl8g8ibMEXEAHopfECAwEAAQ==\n-----END PUBLIC KEY-----\n",
            "rsa_bits": 4096
          },
          "sensitive_attributes": [],
          "dependencies": [
            "module.vpc.aws_cloudwatch_log_group.flow_log",
            "module.vpc.aws_customer_gateway.this",
            "module.vpc.aws_db_subnet_group.database",
            "module.vpc.aws_default_network_acl.this",
            "module.vpc.aws_default_route_table.default",
            "module.vpc.aws_default_security_group.this",
            "module.vpc.aws_default_vpc.this",
            "module.vpc.aws_egress_only_internet_gateway.this",
            "module.vpc.aws_eip.nat",
            "module.vpc.aws_elasticache_subnet_group.elasticache",
            "module.vpc.aws_flow_log.this",
            "module.vpc.aws_iam_policy.vpc_flow_log_cloudwatch",
            "module.vpc.aws_iam_role.vpc_flow_log_cloudwatch",
            "module.vpc.aws_iam_role_policy_attachment.vpc_flow_log_cloudwatch",
            "module.vpc.aws_internet_gateway.this",
            "module.vpc.aws_nat_gateway.this",
            "module.vpc.aws_network_acl.database",
            "module.vpc.aws_network_acl.elasticache",
            "module.vpc.aws_network_acl.intra",
            "module.vpc.aws_network_acl.outpost",
            "module.vpc.aws_network_acl.private",
            "module.vpc.aws_network_acl.public",
            "module.vpc.aws_network_acl.redshift",
            "module.vpc.aws_network_acl_rule.database_inbound",
            "module.vpc.aws_network_acl_rule.database_outbound",
            "module.vpc.aws_network_acl_rule.elasticache_inbound",
            "module.vpc.aws_network_acl_rule.elasticache_outbound",
            "module.vpc.aws_network_acl_rule.intra_inbound",
            "module.vpc.aws_network_acl_rule.intra_outbound",
            "module.vpc.aws_network_acl_rule.outpost_inbound",
            "module.vpc.aws_network_acl_rule.outpost_outbound",
            "module.vpc.aws_network_acl_rule.private_inbound",
            "module.vpc.aws_network_acl_rule.private_outbound",
            "module.vpc.aws_network_acl_rule.public_inbound",
            "module.vpc.aws_network_acl_rule.public_outbound",
            "module.vpc.aws_network_acl_rule.redshift_inbound",
            "module.vpc.aws_network_acl_rule.redshift_outbound",
            "module.vpc.aws_redshift_subnet_group.redshift",
            "module.vpc.aws_route.database_internet_gateway",
            "module.vpc.aws_route.database_ipv6_egress",
            "module.vpc.aws_route.database_nat_gateway",
            "module.vpc.aws_route.private_ipv6_egress",
            "module.vpc.aws_route.private_nat_gateway",
            "module.vpc.aws_route.public_internet_gateway",
            "module.vpc.aws_route.public_internet_gateway_ipv6",
            "module.vpc.aws_route_table.database",
            "module.vpc.aws_route_table.elasticache",
            "module.vpc.aws_route_table.intra",
            "module.vpc.aws_route_table.private",
            "module.vpc.aws_route_table.public",
            "module.vpc.aws_route_table.redshift",
            "module.vpc.aws_route_table_association.database",
            "module.vpc.aws_route_table_association.elasticache",
            "module.vpc.aws_route_table_association.intra",
            "module.vpc.aws_route_table_association.outpost",
            "module.vpc.aws_route_table_association.private",
            "module.vpc.aws_route_table_association.public",
            "module.vpc.aws_route_table_association.redshift",
            "module.vpc.aws_route_table_association.redshift_public",
            "module.vpc.aws_subnet.database",
            "module.vpc.aws_subnet.elasticache",
            "module.vpc.aws_subnet.intra",
            "module.vpc.aws_subnet.outpost",
            "module.vpc.aws_subnet.private",
            "module.vpc.aws_subnet.public",
            "module.vpc.aws_subnet.redshift",
            "module.vpc.aws_vpc.this",
            "module.vpc.aws_vpc_dhcp_options.this",
            "module.vpc.aws_vpc_dhcp_options_association.this",
            "module.vpc.aws_vpc_ipv4_cidr_block_association.this",
            "module.vpc.aws_vpn_gateway.this",
            "module.vpc.aws_vpn_gateway_attachment.this",
            "module.vpc.aws_vpn_gateway_route_propagation.intra",
            "module.vpc.aws_vpn_gateway_route_propagation.private",
            "module.vpc.aws_vpn_gateway_route_propagation.public",
            "module.vpc.data.aws_iam_policy_document.flow_log_cloudwatch_assume_role",
            "module.vpc.data.aws_iam_policy_document.vpc_flow_log_cloudwatch"
          ]
        }
      ]
    },
    {
      "module": "module.vpc",
      "mode": "managed",
      "type": "aws_eip",
      "name": "nat",
      "provider": "provider[\"registry.terraform.io/hashicorp/aws\"]",
      "instances": [
        {
          "index_key": 0,
          "schema_version": 0,
          "attributes": {
            "address": null,
            "allocation_id": "eipalloc-0ee848f47a8ffd412",
            "associate_with_private_ip": null,
            "association_id": "eipassoc-04519e9f4b94b4e9a",
            "carrier_ip": "",
            "customer_owned_ip": "",
            "customer_owned_ipv4_pool": "",
            "domain": "vpc",
            "id": "eipalloc-0ee848f47a8ffd412",
            "instance": "",
            "network_border_group": "us-east-1",
            "network_interface": "eni-03e5dc3c996447dd0",
            "private_dns": "ip-172-23-7-48.ec2.internal",
            "private_ip": "172.23.7.48",
            "public_dns": "ec2-3-230-137-161.compute-1.amazonaws.com",
            "public_ip": "3.230.137.161",
            "public_ipv4_pool": "amazon",
            "tags": {
              "Name": "VPC-us-east-1a"
            },
            "tags_all": {
              "Name": "VPC-us-east-1a"
            },
            "timeouts": null,
            "vpc": true
          },
          "sensitive_attributes": [],
          "private": "eyJlMmJmYjczMC1lY2FhLTExZTYtOGY4OC0zNDM2M2JjN2M0YzAiOnsiZGVsZXRlIjoxODAwMDAwMDAwMDAsInJlYWQiOjkwMDAwMDAwMDAwMCwidXBkYXRlIjozMDAwMDAwMDAwMDB9fQ=="
        }
      ]
    },
    {
      "module": "module.vpc",
      "mode": "managed",
      "type": "aws_internet_gateway",
      "name": "this",
      "provider": "provider[\"registry.terraform.io/hashicorp/aws\"]",
      "instances": [
        {
          "index_key": 0,
          "schema_version": 0,
          "attributes": {
            "arn": "arn:aws:ec2:us-east-1:136671672801:internet-gateway/igw-0bff1bdf09c47899c",
            "id": "igw-0bff1bdf09c47899c",
            "owner_id": "136671672801",
            "tags": {
              "Name": "VPC"
            },
            "tags_all": {
              "Name": "VPC"
            },
            "vpc_id": "vpc-0db114e76b336c80b"
          },
          "sensitive_attributes": [],
          "private": "bnVsbA==",
          "dependencies": [
            "module.vpc.aws_vpc.this",
            "module.vpc.aws_vpc_ipv4_cidr_block_association.this"
          ]
        }
      ]
    },
    {
      "module": "module.vpc",
      "mode": "managed",
      "type": "aws_nat_gateway",
      "name": "this",
      "provider": "provider[\"registry.terraform.io/hashicorp/aws\"]",
      "instances": [
        {
          "index_key": 0,
          "schema_version": 0,
          "attributes": {
            "allocation_id": "eipalloc-0ee848f47a8ffd412",
            "connectivity_type": "public",
            "id": "nat-02ba9b63ce014d002",
            "network_interface_id": "eni-03e5dc3c996447dd0",
            "private_ip": "172.23.7.48",
            "public_ip": "3.230.137.161",
            "subnet_id": "subnet-04694cdc63ace3ecc",
            "tags": {
              "Name": "caldera-test_natgateway"
            },
            "tags_all": {
              "Name": "caldera-test_natgateway"
            }
          },
          "sensitive_attributes": [],
          "private": "bnVsbA==",
          "dependencies": [
            "module.vpc.aws_eip.nat",
            "module.vpc.aws_internet_gateway.this",
            "module.vpc.aws_subnet.public",
            "module.vpc.aws_vpc.this",
            "module.vpc.aws_vpc_ipv4_cidr_block_association.this"
          ]
        }
      ]
    },
    {
      "module": "module.vpc",
      "mode": "managed",
      "type": "aws_route",
      "name": "private_nat_gateway",
      "provider": "provider[\"registry.terraform.io/hashicorp/aws\"]",
      "instances": [
        {
          "index_key": 0,
          "schema_version": 0,
          "attributes": {
            "carrier_gateway_id": "",
            "core_network_arn": "",
            "destination_cidr_block": "0.0.0.0/0",
            "destination_ipv6_cidr_block": "",
            "destination_prefix_list_id": "",
            "egress_only_gateway_id": "",
            "gateway_id": "",
            "id": "r-rtb-07a6b58ff4ea0a1f21080289494",
            "instance_id": "",
            "instance_owner_id": "",
            "local_gateway_id": "",
            "nat_gateway_id": "nat-02ba9b63ce014d002",
            "network_interface_id": "",
            "origin": "CreateRoute",
            "route_table_id": "rtb-07a6b58ff4ea0a1f2",
            "state": "active",
            "timeouts": {
              "create": "5m",
              "delete": null,
              "update": null
            },
            "transit_gateway_id": "",
            "vpc_endpoint_id": "",
            "vpc_peering_connection_id": ""
          },
          "sensitive_attributes": [],
          "private": "eyJlMmJmYjczMC1lY2FhLTExZTYtOGY4OC0zNDM2M2JjN2M0YzAiOnsiY3JlYXRlIjozMDAwMDAwMDAwMDAsImRlbGV0ZSI6MzAwMDAwMDAwMDAwLCJ1cGRhdGUiOjEyMDAwMDAwMDAwMH19",
          "dependencies": [
            "module.vpc.aws_eip.nat",
            "module.vpc.aws_internet_gateway.this",
            "module.vpc.aws_nat_gateway.this",
            "module.vpc.aws_route_table.private",
            "module.vpc.aws_subnet.public",
            "module.vpc.aws_vpc.this",
            "module.vpc.aws_vpc_ipv4_cidr_block_association.this"
          ]
        }
      ]
    },
    {
      "module": "module.vpc",
      "mode": "managed",
      "type": "aws_route",
      "name": "public_internet_gateway",
      "provider": "provider[\"registry.terraform.io/hashicorp/aws\"]",
      "instances": [
        {
          "index_key": 0,
          "schema_version": 0,
          "attributes": {
            "carrier_gateway_id": "",
            "core_network_arn": "",
            "destination_cidr_block": "0.0.0.0/0",
            "destination_ipv6_cidr_block": "",
            "destination_prefix_list_id": "",
            "egress_only_gateway_id": "",
            "gateway_id": "igw-0bff1bdf09c47899c",
            "id": "r-rtb-058cded687603715f1080289494",
            "instance_id": "",
            "instance_owner_id": "",
            "local_gateway_id": "",
            "nat_gateway_id": "",
            "network_interface_id": "",
            "origin": "CreateRoute",
            "route_table_id": "rtb-058cded687603715f",
            "state": "active",
            "timeouts": {
              "create": "5m",
              "delete": null,
              "update": null
            },
            "transit_gateway_id": "",
            "vpc_endpoint_id": "",
            "vpc_peering_connection_id": ""
          },
          "sensitive_attributes": [],
          "private": "eyJlMmJmYjczMC1lY2FhLTExZTYtOGY4OC0zNDM2M2JjN2M0YzAiOnsiY3JlYXRlIjozMDAwMDAwMDAwMDAsImRlbGV0ZSI6MzAwMDAwMDAwMDAwLCJ1cGRhdGUiOjEyMDAwMDAwMDAwMH19",
          "dependencies": [
            "module.vpc.aws_internet_gateway.this",
            "module.vpc.aws_route_table.public",
            "module.vpc.aws_vpc.this",
            "module.vpc.aws_vpc_ipv4_cidr_block_association.this"
          ]
        }
      ]
    },
    {
      "module": "module.vpc",
      "mode": "managed",
      "type": "aws_route_table",
      "name": "private",
      "provider": "provider[\"registry.terraform.io/hashicorp/aws\"]",
      "instances": [
        {
          "index_key": 0,
          "schema_version": 0,
          "attributes": {
            "arn": "arn:aws:ec2:us-east-1:136671672801:route-table/rtb-07a6b58ff4ea0a1f2",
            "id": "rtb-07a6b58ff4ea0a1f2",
            "owner_id": "136671672801",
            "propagating_vgws": [],
            "route": [
              {
                "carrier_gateway_id": "",
                "cidr_block": "0.0.0.0/0",
                "core_network_arn": "",
                "destination_prefix_list_id": "",
                "egress_only_gateway_id": "",
                "gateway_id": "",
                "instance_id": "",
                "ipv6_cidr_block": "",
                "local_gateway_id": "",
                "nat_gateway_id": "nat-02ba9b63ce014d002",
                "network_interface_id": "",
                "transit_gateway_id": "",
                "vpc_endpoint_id": "",
                "vpc_peering_connection_id": ""
              }
            ],
            "tags": {
              "Name": "VPC-private"
            },
            "tags_all": {
              "Name": "VPC-private"
            },
            "timeouts": null,
            "vpc_id": "vpc-0db114e76b336c80b"
          },
          "sensitive_attributes": [],
          "private": "eyJlMmJmYjczMC1lY2FhLTExZTYtOGY4OC0zNDM2M2JjN2M0YzAiOnsiY3JlYXRlIjozMDAwMDAwMDAwMDAsImRlbGV0ZSI6MzAwMDAwMDAwMDAwLCJ1cGRhdGUiOjEyMDAwMDAwMDAwMH19",
          "dependencies": [
            "module.vpc.aws_vpc.this",
            "module.vpc.aws_vpc_ipv4_cidr_block_association.this"
          ]
        }
      ]
    },
    {
      "module": "module.vpc",
      "mode": "managed",
      "type": "aws_route_table",
      "name": "public",
      "provider": "provider[\"registry.terraform.io/hashicorp/aws\"]",
      "instances": [
        {
          "index_key": 0,
          "schema_version": 0,
          "attributes": {
            "arn": "arn:aws:ec2:us-east-1:136671672801:route-table/rtb-058cded687603715f",
            "id": "rtb-058cded687603715f",
            "owner_id": "136671672801",
            "propagating_vgws": [],
            "route": [
              {
                "carrier_gateway_id": "",
                "cidr_block": "0.0.0.0/0",
                "core_network_arn": "",
                "destination_prefix_list_id": "",
                "egress_only_gateway_id": "",
                "gateway_id": "igw-0bff1bdf09c47899c",
                "instance_id": "",
                "ipv6_cidr_block": "",
                "local_gateway_id": "",
                "nat_gateway_id": "",
                "network_interface_id": "",
                "transit_gateway_id": "",
                "vpc_endpoint_id": "",
                "vpc_peering_connection_id": ""
              }
            ],
            "tags": {
              "Name": "VPC-public"
            },
            "tags_all": {
              "Name": "VPC-public"
            },
            "timeouts": null,
            "vpc_id": "vpc-0db114e76b336c80b"
          },
          "sensitive_attributes": [],
          "private": "eyJlMmJmYjczMC1lY2FhLTExZTYtOGY4OC0zNDM2M2JjN2M0YzAiOnsiY3JlYXRlIjozMDAwMDAwMDAwMDAsImRlbGV0ZSI6MzAwMDAwMDAwMDAwLCJ1cGRhdGUiOjEyMDAwMDAwMDAwMH19",
          "dependencies": [
            "module.vpc.aws_vpc.this",
            "module.vpc.aws_vpc_ipv4_cidr_block_association.this"
          ]
        }
      ]
    },
    {
      "module": "module.vpc",
      "mode": "managed",
      "type": "aws_route_table_association",
      "name": "private",
      "provider": "provider[\"registry.terraform.io/hashicorp/aws\"]",
      "instances": [
        {
          "index_key": 0,
          "schema_version": 0,
          "attributes": {
            "gateway_id": "",
            "id": "rtbassoc-070f96da70ad57cf8",
            "route_table_id": "rtb-07a6b58ff4ea0a1f2",
            "subnet_id": "subnet-0a0f6745156d51087"
          },
          "sensitive_attributes": [],
          "private": "bnVsbA==",
          "dependencies": [
            "module.vpc.aws_route_table.private",
            "module.vpc.aws_subnet.private",
            "module.vpc.aws_vpc.this",
            "module.vpc.aws_vpc_ipv4_cidr_block_association.this"
          ]
        },
        {
          "index_key": 1,
          "schema_version": 0,
          "attributes": {
            "gateway_id": "",
            "id": "rtbassoc-076d205589b74d87e",
            "route_table_id": "rtb-07a6b58ff4ea0a1f2",
            "subnet_id": "subnet-0c0463cc7c15da75d"
          },
          "sensitive_attributes": [],
          "private": "bnVsbA==",
          "dependencies": [
            "module.vpc.aws_route_table.private",
            "module.vpc.aws_subnet.private",
            "module.vpc.aws_vpc.this",
            "module.vpc.aws_vpc_ipv4_cidr_block_association.this"
          ]
        },
        {
          "index_key": 2,
          "schema_version": 0,
          "attributes": {
            "gateway_id": "",
            "id": "rtbassoc-003cfa0e566cd5c7f",
            "route_table_id": "rtb-07a6b58ff4ea0a1f2",
            "subnet_id": "subnet-0cbbe7456db17389e"
          },
          "sensitive_attributes": [],
          "private": "bnVsbA==",
          "dependencies": [
            "module.vpc.aws_route_table.private",
            "module.vpc.aws_subnet.private",
            "module.vpc.aws_vpc.this",
            "module.vpc.aws_vpc_ipv4_cidr_block_association.this"
          ]
        },
        {
          "index_key": 3,
          "schema_version": 0,
          "attributes": {
            "gateway_id": "",
            "id": "rtbassoc-0f31bc8f1800a90d1",
            "route_table_id": "rtb-07a6b58ff4ea0a1f2",
            "subnet_id": "subnet-0152679546fa109ee"
          },
          "sensitive_attributes": [],
          "private": "bnVsbA==",
          "dependencies": [
            "module.vpc.aws_route_table.private",
            "module.vpc.aws_subnet.private",
            "module.vpc.aws_vpc.this",
            "module.vpc.aws_vpc_ipv4_cidr_block_association.this"
          ]
        },
        {
          "index_key": 4,
          "schema_version": 0,
          "attributes": {
            "gateway_id": "",
            "id": "rtbassoc-0cf2e4e7fcc69c21b",
            "route_table_id": "rtb-07a6b58ff4ea0a1f2",
            "subnet_id": "subnet-06993e715d8492d33"
          },
          "sensitive_attributes": [],
          "private": "bnVsbA==",
          "dependencies": [
            "module.vpc.aws_route_table.private",
            "module.vpc.aws_subnet.private",
            "module.vpc.aws_vpc.this",
            "module.vpc.aws_vpc_ipv4_cidr_block_association.this"
          ]
        }
      ]
    },
    {
      "module": "module.vpc",
      "mode": "managed",
      "type": "aws_route_table_association",
      "name": "public",
      "provider": "provider[\"registry.terraform.io/hashicorp/aws\"]",
      "instances": [
        {
          "index_key": 0,
          "schema_version": 0,
          "attributes": {
            "gateway_id": "",
            "id": "rtbassoc-040e5d06856e7e821",
            "route_table_id": "rtb-058cded687603715f",
            "subnet_id": "subnet-04694cdc63ace3ecc"
          },
          "sensitive_attributes": [],
          "private": "bnVsbA==",
          "dependencies": [
            "module.vpc.aws_route_table.public",
            "module.vpc.aws_subnet.public",
            "module.vpc.aws_vpc.this",
            "module.vpc.aws_vpc_ipv4_cidr_block_association.this"
          ]
        },
        {
          "index_key": 1,
          "schema_version": 0,
          "attributes": {
            "gateway_id": "",
            "id": "rtbassoc-0d6af9655463c06a8",
            "route_table_id": "rtb-058cded687603715f",
            "subnet_id": "subnet-01e38c7193424708d"
          },
          "sensitive_attributes": [],
          "private": "bnVsbA==",
          "dependencies": [
            "module.vpc.aws_route_table.public",
            "module.vpc.aws_subnet.public",
            "module.vpc.aws_vpc.this",
            "module.vpc.aws_vpc_ipv4_cidr_block_association.this"
          ]
        },
        {
          "index_key": 2,
          "schema_version": 0,
          "attributes": {
            "gateway_id": "",
            "id": "rtbassoc-017c1ad725428b878",
            "route_table_id": "rtb-058cded687603715f",
            "subnet_id": "subnet-055f711f2b0f59159"
          },
          "sensitive_attributes": [],
          "private": "bnVsbA==",
          "dependencies": [
            "module.vpc.aws_route_table.public",
            "module.vpc.aws_subnet.public",
            "module.vpc.aws_vpc.this",
            "module.vpc.aws_vpc_ipv4_cidr_block_association.this"
          ]
        },
        {
          "index_key": 3,
          "schema_version": 0,
          "attributes": {
            "gateway_id": "",
            "id": "rtbassoc-056ad00bfb7946016",
            "route_table_id": "rtb-058cded687603715f",
            "subnet_id": "subnet-02d74b1c3f6a9a5d8"
          },
          "sensitive_attributes": [],
          "private": "bnVsbA==",
          "dependencies": [
            "module.vpc.aws_route_table.public",
            "module.vpc.aws_subnet.public",
            "module.vpc.aws_vpc.this",
            "module.vpc.aws_vpc_ipv4_cidr_block_association.this"
          ]
        },
        {
          "index_key": 4,
          "schema_version": 0,
          "attributes": {
            "gateway_id": "",
            "id": "rtbassoc-0ac37af231b9dafda",
            "route_table_id": "rtb-058cded687603715f",
            "subnet_id": "subnet-0b69cee2881f42c54"
          },
          "sensitive_attributes": [],
          "private": "bnVsbA==",
          "dependencies": [
            "module.vpc.aws_route_table.public",
            "module.vpc.aws_subnet.public",
            "module.vpc.aws_vpc.this",
            "module.vpc.aws_vpc_ipv4_cidr_block_association.this"
          ]
        }
      ]
    },
    {
      "module": "module.vpc",
      "mode": "managed",
      "type": "aws_subnet",
      "name": "private",
      "provider": "provider[\"registry.terraform.io/hashicorp/aws\"]",
      "instances": [
        {
          "index_key": 0,
          "schema_version": 1,
          "attributes": {
            "arn": "arn:aws:ec2:us-east-1:136671672801:subnet/subnet-0a0f6745156d51087",
            "assign_ipv6_address_on_creation": false,
            "availability_zone": "us-east-1a",
            "availability_zone_id": "use1-az2",
            "cidr_block": "172.23.0.0/22",
            "customer_owned_ipv4_pool": "",
            "enable_dns64": false,
            "enable_resource_name_dns_a_record_on_launch": false,
            "enable_resource_name_dns_aaaa_record_on_launch": false,
            "id": "subnet-0a0f6745156d51087",
            "ipv6_cidr_block": "",
            "ipv6_cidr_block_association_id": "",
            "ipv6_native": false,
            "map_customer_owned_ip_on_launch": false,
            "map_public_ip_on_launch": false,
            "outpost_arn": "",
            "owner_id": "136671672801",
            "private_dns_hostname_type_on_launch": "ip-name",
            "tags": {
              "Name": "caldera-test_private"
            },
            "tags_all": {
              "Name": "caldera-test_private"
            },
            "timeouts": null,
            "vpc_id": "vpc-0db114e76b336c80b"
          },
          "sensitive_attributes": [],
          "private": "eyJlMmJmYjczMC1lY2FhLTExZTYtOGY4OC0zNDM2M2JjN2M0YzAiOnsiY3JlYXRlIjo2MDAwMDAwMDAwMDAsImRlbGV0ZSI6MTIwMDAwMDAwMDAwMH0sInNjaGVtYV92ZXJzaW9uIjoiMSJ9",
          "dependencies": [
            "module.vpc.aws_vpc.this",
            "module.vpc.aws_vpc_ipv4_cidr_block_association.this"
          ]
        },
        {
          "index_key": 1,
          "schema_version": 1,
          "attributes": {
            "arn": "arn:aws:ec2:us-east-1:136671672801:subnet/subnet-0c0463cc7c15da75d",
            "assign_ipv6_address_on_creation": false,
            "availability_zone": "us-east-1b",
            "availability_zone_id": "use1-az4",
            "cidr_block": "172.23.32.0/22",
            "customer_owned_ipv4_pool": "",
            "enable_dns64": false,
            "enable_resource_name_dns_a_record_on_launch": false,
            "enable_resource_name_dns_aaaa_record_on_launch": false,
            "id": "subnet-0c0463cc7c15da75d",
            "ipv6_cidr_block": "",
            "ipv6_cidr_block_association_id": "",
            "ipv6_native": false,
            "map_customer_owned_ip_on_launch": false,
            "map_public_ip_on_launch": false,
            "outpost_arn": "",
            "owner_id": "136671672801",
            "private_dns_hostname_type_on_launch": "ip-name",
            "tags": {
              "Name": "caldera-test_private"
            },
            "tags_all": {
              "Name": "caldera-test_private"
            },
            "timeouts": null,
            "vpc_id": "vpc-0db114e76b336c80b"
          },
          "sensitive_attributes": [],
          "private": "eyJlMmJmYjczMC1lY2FhLTExZTYtOGY4OC0zNDM2M2JjN2M0YzAiOnsiY3JlYXRlIjo2MDAwMDAwMDAwMDAsImRlbGV0ZSI6MTIwMDAwMDAwMDAwMH0sInNjaGVtYV92ZXJzaW9uIjoiMSJ9",
          "dependencies": [
            "module.vpc.aws_vpc.this",
            "module.vpc.aws_vpc_ipv4_cidr_block_association.this"
          ]
        },
        {
          "index_key": 2,
          "schema_version": 1,
          "attributes": {
            "arn": "arn:aws:ec2:us-east-1:136671672801:subnet/subnet-0cbbe7456db17389e",
            "assign_ipv6_address_on_creation": false,
            "availability_zone": "us-east-1c",
            "availability_zone_id": "use1-az6",
            "cidr_block": "172.23.64.0/22",
            "customer_owned_ipv4_pool": "",
            "enable_dns64": false,
            "enable_resource_name_dns_a_record_on_launch": false,
            "enable_resource_name_dns_aaaa_record_on_launch": false,
            "id": "subnet-0cbbe7456db17389e",
            "ipv6_cidr_block": "",
            "ipv6_cidr_block_association_id": "",
            "ipv6_native": false,
            "map_customer_owned_ip_on_launch": false,
            "map_public_ip_on_launch": false,
            "outpost_arn": "",
            "owner_id": "136671672801",
            "private_dns_hostname_type_on_launch": "ip-name",
            "tags": {
              "Name": "caldera-test_private"
            },
            "tags_all": {
              "Name": "caldera-test_private"
            },
            "timeouts": null,
            "vpc_id": "vpc-0db114e76b336c80b"
          },
          "sensitive_attributes": [],
          "private": "eyJlMmJmYjczMC1lY2FhLTExZTYtOGY4OC0zNDM2M2JjN2M0YzAiOnsiY3JlYXRlIjo2MDAwMDAwMDAwMDAsImRlbGV0ZSI6MTIwMDAwMDAwMDAwMH0sInNjaGVtYV92ZXJzaW9uIjoiMSJ9",
          "dependencies": [
            "module.vpc.aws_vpc.this",
            "module.vpc.aws_vpc_ipv4_cidr_block_association.this"
          ]
        },
        {
          "index_key": 3,
          "schema_version": 1,
          "attributes": {
            "arn": "arn:aws:ec2:us-east-1:136671672801:subnet/subnet-0152679546fa109ee",
            "assign_ipv6_address_on_creation": false,
            "availability_zone": "us-east-1d",
            "availability_zone_id": "use1-az1",
            "cidr_block": "172.23.96.0/22",
            "customer_owned_ipv4_pool": "",
            "enable_dns64": false,
            "enable_resource_name_dns_a_record_on_launch": false,
            "enable_resource_name_dns_aaaa_record_on_launch": false,
            "id": "subnet-0152679546fa109ee",
            "ipv6_cidr_block": "",
            "ipv6_cidr_block_association_id": "",
            "ipv6_native": false,
            "map_customer_owned_ip_on_launch": false,
            "map_public_ip_on_launch": false,
            "outpost_arn": "",
            "owner_id": "136671672801",
            "private_dns_hostname_type_on_launch": "ip-name",
            "tags": {
              "Name": "caldera-test_private"
            },
            "tags_all": {
              "Name": "caldera-test_private"
            },
            "timeouts": null,
            "vpc_id": "vpc-0db114e76b336c80b"
          },
          "sensitive_attributes": [],
          "private": "eyJlMmJmYjczMC1lY2FhLTExZTYtOGY4OC0zNDM2M2JjN2M0YzAiOnsiY3JlYXRlIjo2MDAwMDAwMDAwMDAsImRlbGV0ZSI6MTIwMDAwMDAwMDAwMH0sInNjaGVtYV92ZXJzaW9uIjoiMSJ9",
          "dependencies": [
            "module.vpc.aws_vpc.this",
            "module.vpc.aws_vpc_ipv4_cidr_block_association.this"
          ]
        },
        {
          "index_key": 4,
          "schema_version": 1,
          "attributes": {
            "arn": "arn:aws:ec2:us-east-1:136671672801:subnet/subnet-06993e715d8492d33",
            "assign_ipv6_address_on_creation": false,
            "availability_zone": "us-east-1f",
            "availability_zone_id": "use1-az5",
            "cidr_block": "172.23.160.0/22",
            "customer_owned_ipv4_pool": "",
            "enable_dns64": false,
            "enable_resource_name_dns_a_record_on_launch": false,
            "enable_resource_name_dns_aaaa_record_on_launch": false,
            "id": "subnet-06993e715d8492d33",
            "ipv6_cidr_block": "",
            "ipv6_cidr_block_association_id": "",
            "ipv6_native": false,
            "map_customer_owned_ip_on_launch": false,
            "map_public_ip_on_launch": false,
            "outpost_arn": "",
            "owner_id": "136671672801",
            "private_dns_hostname_type_on_launch": "ip-name",
            "tags": {
              "Name": "caldera-test_private"
            },
            "tags_all": {
              "Name": "caldera-test_private"
            },
            "timeouts": null,
            "vpc_id": "vpc-0db114e76b336c80b"
          },
          "sensitive_attributes": [],
          "private": "eyJlMmJmYjczMC1lY2FhLTExZTYtOGY4OC0zNDM2M2JjN2M0YzAiOnsiY3JlYXRlIjo2MDAwMDAwMDAwMDAsImRlbGV0ZSI6MTIwMDAwMDAwMDAwMH0sInNjaGVtYV92ZXJzaW9uIjoiMSJ9",
          "dependencies": [
            "module.vpc.aws_vpc.this",
            "module.vpc.aws_vpc_ipv4_cidr_block_association.this"
          ]
        }
      ]
    },
    {
      "module": "module.vpc",
      "mode": "managed",
      "type": "aws_subnet",
      "name": "public",
      "provider": "provider[\"registry.terraform.io/hashicorp/aws\"]",
      "instances": [
        {
          "index_key": 0,
          "schema_version": 1,
          "attributes": {
            "arn": "arn:aws:ec2:us-east-1:136671672801:subnet/subnet-04694cdc63ace3ecc",
            "assign_ipv6_address_on_creation": false,
            "availability_zone": "us-east-1a",
            "availability_zone_id": "use1-az2",
            "cidr_block": "172.23.4.0/22",
            "customer_owned_ipv4_pool": "",
            "enable_dns64": false,
            "enable_resource_name_dns_a_record_on_launch": false,
            "enable_resource_name_dns_aaaa_record_on_launch": false,
            "id": "subnet-04694cdc63ace3ecc",
            "ipv6_cidr_block": "",
            "ipv6_cidr_block_association_id": "",
            "ipv6_native": false,
            "map_customer_owned_ip_on_launch": false,
            "map_public_ip_on_launch": true,
            "outpost_arn": "",
            "owner_id": "136671672801",
            "private_dns_hostname_type_on_launch": "ip-name",
            "tags": {
              "Name": "caldera-test_public"
            },
            "tags_all": {
              "Name": "caldera-test_public"
            },
            "timeouts": null,
            "vpc_id": "vpc-0db114e76b336c80b"
          },
          "sensitive_attributes": [],
          "private": "eyJlMmJmYjczMC1lY2FhLTExZTYtOGY4OC0zNDM2M2JjN2M0YzAiOnsiY3JlYXRlIjo2MDAwMDAwMDAwMDAsImRlbGV0ZSI6MTIwMDAwMDAwMDAwMH0sInNjaGVtYV92ZXJzaW9uIjoiMSJ9",
          "dependencies": [
            "module.vpc.aws_vpc.this",
            "module.vpc.aws_vpc_ipv4_cidr_block_association.this"
          ]
        },
        {
          "index_key": 1,
          "schema_version": 1,
          "attributes": {
            "arn": "arn:aws:ec2:us-east-1:136671672801:subnet/subnet-01e38c7193424708d",
            "assign_ipv6_address_on_creation": false,
            "availability_zone": "us-east-1b",
            "availability_zone_id": "use1-az4",
            "cidr_block": "172.23.36.0/22",
            "customer_owned_ipv4_pool": "",
            "enable_dns64": false,
            "enable_resource_name_dns_a_record_on_launch": false,
            "enable_resource_name_dns_aaaa_record_on_launch": false,
            "id": "subnet-01e38c7193424708d",
            "ipv6_cidr_block": "",
            "ipv6_cidr_block_association_id": "",
            "ipv6_native": false,
            "map_customer_owned_ip_on_launch": false,
            "map_public_ip_on_launch": true,
            "outpost_arn": "",
            "owner_id": "136671672801",
            "private_dns_hostname_type_on_launch": "ip-name",
            "tags": {
              "Name": "caldera-test_public"
            },
            "tags_all": {
              "Name": "caldera-test_public"
            },
            "timeouts": null,
            "vpc_id": "vpc-0db114e76b336c80b"
          },
          "sensitive_attributes": [],
          "private": "eyJlMmJmYjczMC1lY2FhLTExZTYtOGY4OC0zNDM2M2JjN2M0YzAiOnsiY3JlYXRlIjo2MDAwMDAwMDAwMDAsImRlbGV0ZSI6MTIwMDAwMDAwMDAwMH0sInNjaGVtYV92ZXJzaW9uIjoiMSJ9",
          "dependencies": [
            "module.vpc.aws_vpc.this",
            "module.vpc.aws_vpc_ipv4_cidr_block_association.this"
          ]
        },
        {
          "index_key": 2,
          "schema_version": 1,
          "attributes": {
            "arn": "arn:aws:ec2:us-east-1:136671672801:subnet/subnet-055f711f2b0f59159",
            "assign_ipv6_address_on_creation": false,
            "availability_zone": "us-east-1c",
            "availability_zone_id": "use1-az6",
            "cidr_block": "172.23.68.0/22",
            "customer_owned_ipv4_pool": "",
            "enable_dns64": false,
            "enable_resource_name_dns_a_record_on_launch": false,
            "enable_resource_name_dns_aaaa_record_on_launch": false,
            "id": "subnet-055f711f2b0f59159",
            "ipv6_cidr_block": "",
            "ipv6_cidr_block_association_id": "",
            "ipv6_native": false,
            "map_customer_owned_ip_on_launch": false,
            "map_public_ip_on_launch": true,
            "outpost_arn": "",
            "owner_id": "136671672801",
            "private_dns_hostname_type_on_launch": "ip-name",
            "tags": {
              "Name": "caldera-test_public"
            },
            "tags_all": {
              "Name": "caldera-test_public"
            },
            "timeouts": null,
            "vpc_id": "vpc-0db114e76b336c80b"
          },
          "sensitive_attributes": [],
          "private": "eyJlMmJmYjczMC1lY2FhLTExZTYtOGY4OC0zNDM2M2JjN2M0YzAiOnsiY3JlYXRlIjo2MDAwMDAwMDAwMDAsImRlbGV0ZSI6MTIwMDAwMDAwMDAwMH0sInNjaGVtYV92ZXJzaW9uIjoiMSJ9",
          "dependencies": [
            "module.vpc.aws_vpc.this",
            "module.vpc.aws_vpc_ipv4_cidr_block_association.this"
          ]
        },
        {
          "index_key": 3,
          "schema_version": 1,
          "attributes": {
            "arn": "arn:aws:ec2:us-east-1:136671672801:subnet/subnet-02d74b1c3f6a9a5d8",
            "assign_ipv6_address_on_creation": false,
            "availability_zone": "us-east-1d",
            "availability_zone_id": "use1-az1",
            "cidr_block": "172.23.100.0/22",
            "customer_owned_ipv4_pool": "",
            "enable_dns64": false,
            "enable_resource_name_dns_a_record_on_launch": false,
            "enable_resource_name_dns_aaaa_record_on_launch": false,
            "id": "subnet-02d74b1c3f6a9a5d8",
            "ipv6_cidr_block": "",
            "ipv6_cidr_block_association_id": "",
            "ipv6_native": false,
            "map_customer_owned_ip_on_launch": false,
            "map_public_ip_on_launch": true,
            "outpost_arn": "",
            "owner_id": "136671672801",
            "private_dns_hostname_type_on_launch": "ip-name",
            "tags": {
              "Name": "caldera-test_public"
            },
            "tags_all": {
              "Name": "caldera-test_public"
            },
            "timeouts": null,
            "vpc_id": "vpc-0db114e76b336c80b"
          },
          "sensitive_attributes": [],
          "private": "eyJlMmJmYjczMC1lY2FhLTExZTYtOGY4OC0zNDM2M2JjN2M0YzAiOnsiY3JlYXRlIjo2MDAwMDAwMDAwMDAsImRlbGV0ZSI6MTIwMDAwMDAwMDAwMH0sInNjaGVtYV92ZXJzaW9uIjoiMSJ9",
          "dependencies": [
            "module.vpc.aws_vpc.this",
            "module.vpc.aws_vpc_ipv4_cidr_block_association.this"
          ]
        },
        {
          "index_key": 4,
          "schema_version": 1,
          "attributes": {
            "arn": "arn:aws:ec2:us-east-1:136671672801:subnet/subnet-0b69cee2881f42c54",
            "assign_ipv6_address_on_creation": false,
            "availability_zone": "us-east-1f",
            "availability_zone_id": "use1-az5",
            "cidr_block": "172.23.164.0/22",
            "customer_owned_ipv4_pool": "",
            "enable_dns64": false,
            "enable_resource_name_dns_a_record_on_launch": false,
            "enable_resource_name_dns_aaaa_record_on_launch": false,
            "id": "subnet-0b69cee2881f42c54",
            "ipv6_cidr_block": "",
            "ipv6_cidr_block_association_id": "",
            "ipv6_native": false,
            "map_customer_owned_ip_on_launch": false,
            "map_public_ip_on_launch": true,
            "outpost_arn": "",
            "owner_id": "136671672801",
            "private_dns_hostname_type_on_launch": "ip-name",
            "tags": {
              "Name": "caldera-test_public"
            },
            "tags_all": {
              "Name": "caldera-test_public"
            },
            "timeouts": null,
            "vpc_id": "vpc-0db114e76b336c80b"
          },
          "sensitive_attributes": [],
          "private": "eyJlMmJmYjczMC1lY2FhLTExZTYtOGY4OC0zNDM2M2JjN2M0YzAiOnsiY3JlYXRlIjo2MDAwMDAwMDAwMDAsImRlbGV0ZSI6MTIwMDAwMDAwMDAwMH0sInNjaGVtYV92ZXJzaW9uIjoiMSJ9",
          "dependencies": [
            "module.vpc.aws_vpc.this",
            "module.vpc.aws_vpc_ipv4_cidr_block_association.this"
          ]
        }
      ]
    },
    {
      "module": "module.vpc",
      "mode": "managed",
      "type": "aws_vpc",
      "name": "this",
      "provider": "provider[\"registry.terraform.io/hashicorp/aws\"]",
      "instances": [
        {
          "index_key": 0,
          "schema_version": 1,
          "attributes": {
            "arn": "arn:aws:ec2:us-east-1:136671672801:vpc/vpc-0db114e76b336c80b",
            "assign_generated_ipv6_cidr_block": false,
            "cidr_block": "172.23.0.0/16",
            "default_network_acl_id": "acl-0cd06ffd9650c51f6",
            "default_route_table_id": "rtb-04accf64bcb52ea58",
            "default_security_group_id": "sg-08757b3f04a9e4413",
            "dhcp_options_id": "dopt-077460b3385d50b91",
            "enable_classiclink": false,
            "enable_classiclink_dns_support": false,
            "enable_dns_hostnames": true,
            "enable_dns_support": true,
            "id": "vpc-0db114e76b336c80b",
            "instance_tenancy": "default",
            "ipv4_ipam_pool_id": null,
            "ipv4_netmask_length": null,
            "ipv6_association_id": "",
            "ipv6_cidr_block": "",
            "ipv6_cidr_block_network_border_group": "",
            "ipv6_ipam_pool_id": "",
            "ipv6_netmask_length": 0,
            "main_route_table_id": "rtb-04accf64bcb52ea58",
            "owner_id": "136671672801",
            "tags": {
              "Name": "VPC"
            },
            "tags_all": {
              "Name": "VPC"
            }
          },
          "sensitive_attributes": [],
          "private": "eyJzY2hlbWFfdmVyc2lvbiI6IjEifQ=="
        }
      ]
    }
  ]
}
