{
  "version": 4,
  "terraform_version": "1.2.4",
  "serial": 33,
  "lineage": "a0036be3-534e-a91b-2941-5006a7c2e8fe",
  "outputs": {
    "caldera_server_ip": {
      "value": "52.91.161.248",
      "type": "string"
    },
    "rsa_private_key": {
      "value": "-----BEGIN RSA PRIVATE KEY-----\nMIIJKAIBAAKCAgEAxA/jx/stlofKQhEJY2g0JwnL3WQ+8qpXZ2tsFhgWOpIEwEJm\nG1FaSpzC6f2tRSX0wbndgbduEUFSubptxvP+gzj10eaGcOnI5daVJKlRCmHgX6C1\nDnem1piQkVYSDelTbAznr/CNYL71HOx9KxOnHhP8glAVQ4ba58dXp7NOhhq1LQYY\nMrFthMyNa7H3LDD8EAdrYktQeHUdaTScARJUh9Fpb5XjnVRhAnKTBsMO6UVOWdwn\nbCGxDinSaqNc1ioaKqo0CgagOJqwH1nuHGBTrITGY54veDqmi+lt1W2Bfu3APpEG\nXyDDEzjKtqckAStSPxxHOaiNxfuY7JsHJ75KYtiSCUQ1qXPkS3sBvVo26EFtMpN2\nbFna72mfrcN1tyVu0RWl1WpO75uePo2jfoBSoRCCSA4weRDBDFlBEi4zN+IJZbfs\n0K3XfnP+Scv/F9JeBN31T7yygtFexIZ6LHL9qHFXX9lPLBfsKUQLPwsgaTlRZNWH\ngpdEcsad4Tp9MIcDtyQdPw8rd2i8s/dnq8GDpRuepwagkeJL5bXGImVMPtHrxS2p\nDckYJCtSDLgx+fbajb2nABj7Mrvpz9AZx7W17Ut2qUZmk7DNZL7AOmnt7vDg6AKJ\npDXbYetN8WuQKBdJj+n4BDxA1wr47X3CrraPXKpUiqwfxQwZGhMPLM3Vro8CAwEA\nAQKCAgAyyGbYcp/RQKTLzfvfiqsPfYMXehKv6h0vhWx+oIiJbS7b2Zb29nBrqQT3\ndKR/p6Ao2YqdQbS5tXDG+JnckXBX7tYFIy+paXSGy7jfwRdjmAx02HxtHeLR7Lxt\nWJzei5P3BbSxJp6H844rirm1AackrEqYOkP3tKNYq5JxtojdRWeuHMkBwGE8p3rt\n7S+3e4yeXj2bPSS/vp36lQzfXi8U6tHjfDBznNpvttuMQdPH6hKsRdDUOjnREFYX\nFu9B7a/PYzyNaD/xyWdbB4EcSnsB0XZNcTicbJyc2r5/LJkBFnXX/tpmo2bDwM8I\n1mwF/YGVJS7xqU3nfQ6UImeNDMXZNlfz/iSDq4WePyZrWROvTYlTdP/ont5q0shd\nPV+ue0NrSTjz/I9GD1lMrVqGZWizNeTVUGSeuVPpewDmJXKTEUZK10oMOYwVcID5\n3/QaHcVLPFWToG5OjY0PvgnbYyN7BE50qoprTOlf/bHieA46insgL/Z6HHWJYTSL\n/jzL2p8TvEoMovWHt5ikHnsBtBIbXvnormFojLJY3Dt22E++EqBSE0ArpNsBtYX5\nX5xLatRx99sTkhGe1AmoLJQNu9U4+GuiHcMD+0Z9y6kbYK4a4WZap+6291urQywB\nKyyJPEDEbBFxrV8xtGUopyWAfqVBEtx3D1Ni6mz1tjJWGOyXUQKCAQEA14KOEvE0\n9wZhZVluH8j22lSXZVkkGCt1tCd1sugWVhcxC80vJ6Pr8By3KeQQrjOvLgrP1mzA\nADItb//VNRh/2xLeWzawSxGV/zqvahdXivt6dSbOoLg6/QCbauO5enKH56pcJluf\nvkn03UOhiix/ohj9oIF4oCJGnvcqT7+cLD0eBeCJdb8V7f3fPsfx/JWZVBOrsjW0\nfGp4w6rZZDLA9NAkyAGPE2ojH3Fjal0A1WRdfzdfysrULUt4VhvY/GpiZtOGQWQp\nelKAe0qafw515qf+B5H+4lxC/cqmpfypESR7uXWSDo0tAJotzV2GW19DO7EssLrG\nvDfgJqSBuQavVwKCAQEA6OXxbRIthBn0kcOZPQIApXJSueEs091ya/ZEA0Sfi0DI\nwzfl3UZHa2QmkyjNwIUYHwBL4FNtkenP5EmXPiJjJ1JHotrXS1j+RPsvmE2EQiVI\nEtzkZwlsEkQce8PpcoFpn6BsFvt7tfbiz+0mPnr0LpQKUmgMmwJLLi6yaTaHG2/F\nexv0XcaGWcIEb4ZARonyXeGVADQqxunNXWsIR69UqCcP/OXfH0ReROdUJdtxR3fG\nZqBQ+ieb3dTqqd7kH6KrIGjD5dHnNwAxCeG1quCBRDxC2S4qR3epVBrZ2426pHM3\n6zq9XC7zQ9SudkFry9TopLXjRWPnaCWhsYorBkpPiQKCAQEAoNjuVTD2SRDYDJ7M\n1KhXpejQ/nGjwO5e8VEqRZd3ZFX240oHUdzEsfectYVk9b/ZldG4AeA1BXBt/VPC\nu9hHRSk2EHom5kB/5XjVh6dYTYEYiuul+MrILCER3puMydlFmiDKmk50UcA9JA/g\nN5KyyDdCxVMcxtgOQYNUbyUh2Nrc16IYtmsiYPjEcMUm1VCKmff8hAwVY27MJ64S\nhvhij9XyPdz7/o+PG16zxqUXhC1eox6fPmpYJl5XuF0cfHiibQCfCZtKYePFxT+P\nRBl04eysatYKmMQns+hWrTiAryy9s1QO6RFxbyuj181gBD57ncfFBTrCLaS+hdju\ngTx+DQKCAQAvzsvhVOLtBBr1NQ6mvFt/mtkqePOnxgRv7wyFEzgg8LqFgFr6MiwE\n+nkEqlKaG3gZHQl2Ugni8vkO5qBaS9rIvpYf8wZQ3ELNzDY38Gme3mJOJPPpxsBd\ne4fRTCUGsVQKRXcKvLLnZnemsQqxtrGbQh5gTiWQSEdAgqty95OCaU5DeDiQa2k2\n0aHxdsCI+lY7OUxJz2uci2/xpj/73xzkq6gXhORpWbJ0OHxIjSRSxF6AwJX+09Sm\nE8fb+PohGFZCf97+tTjeTHbEjYWqPw2qASjDxjs9km266wwfipdunIw1CEjIvIaJ\nPQZXFhTXsavT69ZsbxaYhWkMtc0hLG3pAoIBAC4mtMdrevrjAW698FKado+c8CVS\nhd+fb+fRnFsxOBl4bIp2PvZcdoPJuF3jCsPHZOu6rnS1kt+plpSmnCkEul2xXwzU\nIxWFmgfpyXqkk8BVWcSzwzlvkmjyd7eSoui0GZWqN0dGJtVIYEc6DdpqnRX6NVsr\njjsFx5BH2cacpKGXStRJOoIV55NN+ow+c6KMLEXBKNq9dJrYf3fQiYCtH+3eU93J\nZAuoWiCCLBOSPfYacI6hecY+Cu6uthw9jlu034vSvlbRp81MMVA+KuciB8BdU4Vd\nM3yQa+VFTLnJ34CL/lJeBV9p2Kmqy503WsnmBSHv6swoV/y1flHEH9uTNlg=\n-----END RSA PRIVATE KEY-----\n",
      "type": "string"
    }
  },
  "resources": [
    {
      "mode": "managed",
      "type": "aws_instance",
      "name": "caldera_server",
      "provider": "provider[\"registry.terraform.io/hashicorp/aws\"]",
      "instances": [
        {
          "schema_version": 1,
          "attributes": {
            "ami": "ami-09d56f8956ab235b3",
            "arn": "arn:aws:ec2:us-east-1:792849899666:instance/i-04ed0dad0d3e2af30",
            "associate_public_ip_address": true,
            "availability_zone": "us-east-1a",
            "capacity_reservation_specification": [
              {
                "capacity_reservation_preference": "open",
                "capacity_reservation_target": []
              }
            ],
            "cpu_core_count": 1,
            "cpu_threads_per_core": 2,
            "credit_specification": [
              {
                "cpu_credits": "unlimited"
              }
            ],
            "disable_api_stop": false,
            "disable_api_termination": false,
            "ebs_block_device": [],
            "ebs_optimized": false,
            "enclave_options": [
              {
                "enabled": false
              }
            ],
            "ephemeral_block_device": [],
            "get_password_data": false,
            "hibernation": false,
            "host_id": null,
            "iam_instance_profile": "",
            "id": "i-04ed0dad0d3e2af30",
            "instance_initiated_shutdown_behavior": "stop",
            "instance_state": "running",
            "instance_type": "t3.medium",
            "ipv6_address_count": 0,
            "ipv6_addresses": [],
            "key_name": "caldera-nodes",
            "launch_template": [],
            "maintenance_options": [
              {
                "auto_recovery": "default"
              }
            ],
            "metadata_options": [
              {
                "http_endpoint": "enabled",
                "http_put_response_hop_limit": 1,
                "http_tokens": "optional",
                "instance_metadata_tags": "disabled"
              }
            ],
            "monitoring": false,
            "network_interface": [],
            "outpost_arn": "",
            "password_data": "",
            "placement_group": "",
            "placement_partition_number": null,
            "primary_network_interface_id": "eni-0f2f18c159fbf8918",
            "private_dns": "ip-172-23-6-95.ec2.internal",
            "private_dns_name_options": [
              {
                "enable_resource_name_dns_a_record": false,
                "enable_resource_name_dns_aaaa_record": false,
                "hostname_type": "ip-name"
              }
            ],
            "private_ip": "172.23.6.95",
            "public_dns": "ec2-52-91-161-248.compute-1.amazonaws.com",
            "public_ip": "52.91.161.248",
            "root_block_device": [
              {
                "delete_on_termination": true,
                "device_name": "/dev/sda1",
                "encrypted": false,
                "iops": 100,
                "kms_key_id": "",
                "tags": {},
                "throughput": 0,
                "volume_id": "vol-081c20458421b9591",
                "volume_size": 8,
                "volume_type": "gp2"
              }
            ],
            "secondary_private_ips": [],
            "security_groups": [],
            "source_dest_check": true,
            "subnet_id": "subnet-03a7462c7e26b4a81",
            "tags": {
              "Name": "caldera_server",
              "environment": "caldera-test"
            },
            "tags_all": {
              "Name": "caldera_server",
              "environment": "caldera-test"
            },
            "tenancy": "default",
            "timeouts": null,
            "user_data": "40871111b73dea6b5d322930f8e792b4e96fbfa4",
            "user_data_base64": null,
            "user_data_replace_on_change": false,
            "volume_tags": null,
            "vpc_security_group_ids": [
              "sg-0f2f81925b110417a"
            ]
          },
          "sensitive_attributes": [],
          "private": "eyJlMmJmYjczMC1lY2FhLTExZTYtOGY4OC0zNDM2M2JjN2M0YzAiOnsiY3JlYXRlIjo2MDAwMDAwMDAwMDAsImRlbGV0ZSI6MTIwMDAwMDAwMDAwMCwidXBkYXRlIjo2MDAwMDAwMDAwMDB9LCJzY2hlbWFfdmVyc2lvbiI6IjEifQ==",
          "dependencies": [
            "aws_security_group.sg_caldera_server",
            "module.aws_rsa_key.aws_key_pair.worker",
            "module.aws_rsa_key.local_file.ssh_local",
            "module.aws_rsa_key.tls_private_key.ssh_key",
            "module.vpc.aws_cloudwatch_log_group.flow_log",
            "module.vpc.aws_customer_gateway.this",
            "module.vpc.aws_db_subnet_group.database",
            "module.vpc.aws_default_network_acl.this",
            "module.vpc.aws_default_route_table.default",
            "module.vpc.aws_default_security_group.this",
            "module.vpc.aws_default_vpc.this",
            "module.vpc.aws_egress_only_internet_gateway.this",
            "module.vpc.aws_eip.nat",
            "module.vpc.aws_elasticache_subnet_group.elasticache",
            "module.vpc.aws_flow_log.this",
            "module.vpc.aws_iam_policy.vpc_flow_log_cloudwatch",
            "module.vpc.aws_iam_role.vpc_flow_log_cloudwatch",
            "module.vpc.aws_iam_role_policy_attachment.vpc_flow_log_cloudwatch",
            "module.vpc.aws_internet_gateway.this",
            "module.vpc.aws_nat_gateway.this",
            "module.vpc.aws_network_acl.database",
            "module.vpc.aws_network_acl.elasticache",
            "module.vpc.aws_network_acl.intra",
            "module.vpc.aws_network_acl.outpost",
            "module.vpc.aws_network_acl.private",
            "module.vpc.aws_network_acl.public",
            "module.vpc.aws_network_acl.redshift",
            "module.vpc.aws_network_acl_rule.database_inbound",
            "module.vpc.aws_network_acl_rule.database_outbound",
            "module.vpc.aws_network_acl_rule.elasticache_inbound",
            "module.vpc.aws_network_acl_rule.elasticache_outbound",
            "module.vpc.aws_network_acl_rule.intra_inbound",
            "module.vpc.aws_network_acl_rule.intra_outbound",
            "module.vpc.aws_network_acl_rule.outpost_inbound",
            "module.vpc.aws_network_acl_rule.outpost_outbound",
            "module.vpc.aws_network_acl_rule.private_inbound",
            "module.vpc.aws_network_acl_rule.private_outbound",
            "module.vpc.aws_network_acl_rule.public_inbound",
            "module.vpc.aws_network_acl_rule.public_outbound",
            "module.vpc.aws_network_acl_rule.redshift_inbound",
            "module.vpc.aws_network_acl_rule.redshift_outbound",
            "module.vpc.aws_redshift_subnet_group.redshift",
            "module.vpc.aws_route.database_internet_gateway",
            "module.vpc.aws_route.database_ipv6_egress",
            "module.vpc.aws_route.database_nat_gateway",
            "module.vpc.aws_route.private_ipv6_egress",
            "module.vpc.aws_route.private_nat_gateway",
            "module.vpc.aws_route.public_internet_gateway",
            "module.vpc.aws_route.public_internet_gateway_ipv6",
            "module.vpc.aws_route_table.database",
            "module.vpc.aws_route_table.elasticache",
            "module.vpc.aws_route_table.intra",
            "module.vpc.aws_route_table.private",
            "module.vpc.aws_route_table.public",
            "module.vpc.aws_route_table.redshift",
            "module.vpc.aws_route_table_association.database",
            "module.vpc.aws_route_table_association.elasticache",
            "module.vpc.aws_route_table_association.intra",
            "module.vpc.aws_route_table_association.outpost",
            "module.vpc.aws_route_table_association.private",
            "module.vpc.aws_route_table_association.public",
            "module.vpc.aws_route_table_association.redshift",
            "module.vpc.aws_route_table_association.redshift_public",
            "module.vpc.aws_subnet.database",
            "module.vpc.aws_subnet.elasticache",
            "module.vpc.aws_subnet.intra",
            "module.vpc.aws_subnet.outpost",
            "module.vpc.aws_subnet.private",
            "module.vpc.aws_subnet.public",
            "module.vpc.aws_subnet.redshift",
            "module.vpc.aws_vpc.this",
            "module.vpc.aws_vpc_dhcp_options.this",
            "module.vpc.aws_vpc_dhcp_options_association.this",
            "module.vpc.aws_vpc_ipv4_cidr_block_association.this",
            "module.vpc.aws_vpn_gateway.this",
            "module.vpc.aws_vpn_gateway_attachment.this",
            "module.vpc.aws_vpn_gateway_route_propagation.intra",
            "module.vpc.aws_vpn_gateway_route_propagation.private",
            "module.vpc.aws_vpn_gateway_route_propagation.public",
            "module.vpc.data.aws_iam_policy_document.flow_log_cloudwatch_assume_role",
            "module.vpc.data.aws_iam_policy_document.vpc_flow_log_cloudwatch"
          ]
        }
      ]
    },
    {
      "mode": "managed",
      "type": "aws_security_group",
      "name": "sg_caldera_server",
      "provider": "provider[\"registry.terraform.io/hashicorp/aws\"]",
      "instances": [
        {
          "schema_version": 1,
          "attributes": {
            "arn": "arn:aws:ec2:us-east-1:792849899666:security-group/sg-0f2f81925b110417a",
            "description": "Allow ports for caldera server",
            "egress": [
              {
                "cidr_blocks": [
                  "0.0.0.0/0"
                ],
                "description": "",
                "from_port": 0,
                "ipv6_cidr_blocks": [],
                "prefix_list_ids": [],
                "protocol": "-1",
                "security_groups": [],
                "self": false,
                "to_port": 0
              }
            ],
            "id": "sg-0f2f81925b110417a",
            "ingress": [
              {
                "cidr_blocks": [
                  "0.0.0.0/0"
                ],
                "description": "Caldera server port",
                "from_port": 2288,
                "ipv6_cidr_blocks": [],
                "prefix_list_ids": [],
                "protocol": "tcp",
                "security_groups": [],
                "self": false,
                "to_port": 2288
              },
              {
                "cidr_blocks": [
                  "0.0.0.0/0"
                ],
                "description": "SSH from VPC",
                "from_port": 22,
                "ipv6_cidr_blocks": [],
                "prefix_list_ids": [],
                "protocol": "tcp",
                "security_groups": [],
                "self": false,
                "to_port": 22
              }
            ],
            "name": "sg_caldera_linux",
            "name_prefix": "",
            "owner_id": "792849899666",
            "revoke_rules_on_delete": false,
            "tags": {
              "environment": "caldera-test"
            },
            "tags_all": {
              "environment": "caldera-test"
            },
            "timeouts": null,
            "vpc_id": "vpc-0f61b1e27a630f170"
          },
          "sensitive_attributes": [],
          "private": "eyJlMmJmYjczMC1lY2FhLTExZTYtOGY4OC0zNDM2M2JjN2M0YzAiOnsiY3JlYXRlIjo2MDAwMDAwMDAwMDAsImRlbGV0ZSI6OTAwMDAwMDAwMDAwfSwic2NoZW1hX3ZlcnNpb24iOiIxIn0=",
          "dependencies": [
            "module.vpc.aws_vpc.this"
          ]
        }
      ]
    },
    {
      "module": "module.aws_rsa_key",
      "mode": "managed",
      "type": "aws_key_pair",
      "name": "worker",
      "provider": "provider[\"registry.terraform.io/hashicorp/aws\"]",
      "instances": [
        {
          "schema_version": 1,
          "attributes": {
            "arn": "arn:aws:ec2:us-east-1:792849899666:key-pair/caldera-nodes",
            "fingerprint": "14:5d:3a:55:8c:28:04:07:d7:d3:12:ac:67:82:d8:4e",
            "id": "caldera-nodes",
            "key_name": "caldera-nodes",
            "key_name_prefix": "",
            "key_pair_id": "key-0860c7e8edc8449c1",
            "key_type": "rsa",
            "public_key": "ssh-rsa AAAAB3NzaC1yc2EAAAADAQABAAACAQDED+PH+y2Wh8pCEQljaDQnCcvdZD7yqldna2wWGBY6kgTAQmYbUVpKnMLp/a1FJfTBud2Bt24RQVK5um3G8/6DOPXR5oZw6cjl1pUkqVEKYeBfoLUOd6bWmJCRVhIN6VNsDOev8I1gvvUc7H0rE6ceE/yCUBVDhtrnx1ens06GGrUtBhgysW2EzI1rsfcsMPwQB2tiS1B4dR1pNJwBElSH0WlvleOdVGECcpMGww7pRU5Z3CdsIbEOKdJqo1zWKhoqqjQKBqA4mrAfWe4cYFOshMZjni94OqaL6W3VbYF+7cA+kQZfIMMTOMq2pyQBK1I/HEc5qI3F+5jsmwcnvkpi2JIJRDWpc+RLewG9WjboQW0yk3ZsWdrvaZ+tw3W3JW7RFaXVak7vm54+jaN+gFKhEIJIDjB5EMEMWUESLjM34gllt+zQrdd+c/5Jy/8X0l4E3fVPvLKC0V7Ehnoscv2ocVdf2U8sF+wpRAs/CyBpOVFk1YeCl0Ryxp3hOn0whwO3JB0/Dyt3aLyz92erwYOlG56nBqCR4kvltcYiZUw+0evFLakNyRgkK1IMuDH59tqNvacAGPsyu+nP0BnHtbXtS3apRmaTsM1kvsA6ae3u8ODoAomkNdth603xa5AoF0mP6fgEPEDXCvjtfcKuto9cqlSKrB/FDBkaEw8szdWujw==",
            "tags": null,
            "tags_all": {}
          },
          "sensitive_attributes": [],
          "private": "eyJzY2hlbWFfdmVyc2lvbiI6IjEifQ==",
          "dependencies": [
            "module.aws_rsa_key.tls_private_key.ssh_key",
            "module.vpc.aws_cloudwatch_log_group.flow_log",
            "module.vpc.aws_customer_gateway.this",
            "module.vpc.aws_db_subnet_group.database",
            "module.vpc.aws_default_network_acl.this",
            "module.vpc.aws_default_route_table.default",
            "module.vpc.aws_default_security_group.this",
            "module.vpc.aws_default_vpc.this",
            "module.vpc.aws_egress_only_internet_gateway.this",
            "module.vpc.aws_eip.nat",
            "module.vpc.aws_elasticache_subnet_group.elasticache",
            "module.vpc.aws_flow_log.this",
            "module.vpc.aws_iam_policy.vpc_flow_log_cloudwatch",
            "module.vpc.aws_iam_role.vpc_flow_log_cloudwatch",
            "module.vpc.aws_iam_role_policy_attachment.vpc_flow_log_cloudwatch",
            "module.vpc.aws_internet_gateway.this",
            "module.vpc.aws_nat_gateway.this",
            "module.vpc.aws_network_acl.database",
            "module.vpc.aws_network_acl.elasticache",
            "module.vpc.aws_network_acl.intra",
            "module.vpc.aws_network_acl.outpost",
            "module.vpc.aws_network_acl.private",
            "module.vpc.aws_network_acl.public",
            "module.vpc.aws_network_acl.redshift",
            "module.vpc.aws_network_acl_rule.database_inbound",
            "module.vpc.aws_network_acl_rule.database_outbound",
            "module.vpc.aws_network_acl_rule.elasticache_inbound",
            "module.vpc.aws_network_acl_rule.elasticache_outbound",
            "module.vpc.aws_network_acl_rule.intra_inbound",
            "module.vpc.aws_network_acl_rule.intra_outbound",
            "module.vpc.aws_network_acl_rule.outpost_inbound",
            "module.vpc.aws_network_acl_rule.outpost_outbound",
            "module.vpc.aws_network_acl_rule.private_inbound",
            "module.vpc.aws_network_acl_rule.private_outbound",
            "module.vpc.aws_network_acl_rule.public_inbound",
            "module.vpc.aws_network_acl_rule.public_outbound",
            "module.vpc.aws_network_acl_rule.redshift_inbound",
            "module.vpc.aws_network_acl_rule.redshift_outbound",
            "module.vpc.aws_redshift_subnet_group.redshift",
            "module.vpc.aws_route.database_internet_gateway",
            "module.vpc.aws_route.database_ipv6_egress",
            "module.vpc.aws_route.database_nat_gateway",
            "module.vpc.aws_route.private_ipv6_egress",
            "module.vpc.aws_route.private_nat_gateway",
            "module.vpc.aws_route.public_internet_gateway",
            "module.vpc.aws_route.public_internet_gateway_ipv6",
            "module.vpc.aws_route_table.database",
            "module.vpc.aws_route_table.elasticache",
            "module.vpc.aws_route_table.intra",
            "module.vpc.aws_route_table.private",
            "module.vpc.aws_route_table.public",
            "module.vpc.aws_route_table.redshift",
            "module.vpc.aws_route_table_association.database",
            "module.vpc.aws_route_table_association.elasticache",
            "module.vpc.aws_route_table_association.intra",
            "module.vpc.aws_route_table_association.outpost",
            "module.vpc.aws_route_table_association.private",
            "module.vpc.aws_route_table_association.public",
            "module.vpc.aws_route_table_association.redshift",
            "module.vpc.aws_route_table_association.redshift_public",
            "module.vpc.aws_subnet.database",
            "module.vpc.aws_subnet.elasticache",
            "module.vpc.aws_subnet.intra",
            "module.vpc.aws_subnet.outpost",
            "module.vpc.aws_subnet.private",
            "module.vpc.aws_subnet.public",
            "module.vpc.aws_subnet.redshift",
            "module.vpc.aws_vpc.this",
            "module.vpc.aws_vpc_dhcp_options.this",
            "module.vpc.aws_vpc_dhcp_options_association.this",
            "module.vpc.aws_vpc_ipv4_cidr_block_association.this",
            "module.vpc.aws_vpn_gateway.this",
            "module.vpc.aws_vpn_gateway_attachment.this",
            "module.vpc.aws_vpn_gateway_route_propagation.intra",
            "module.vpc.aws_vpn_gateway_route_propagation.private",
            "module.vpc.aws_vpn_gateway_route_propagation.public",
            "module.vpc.data.aws_iam_policy_document.flow_log_cloudwatch_assume_role",
            "module.vpc.data.aws_iam_policy_document.vpc_flow_log_cloudwatch"
          ]
        }
      ]
    },
    {
      "module": "module.aws_rsa_key",
      "mode": "managed",
      "type": "tls_private_key",
      "name": "ssh_key",
      "provider": "provider[\"registry.terraform.io/hashicorp/tls\"]",
      "instances": [
        {
          "schema_version": 0,
          "attributes": {
            "algorithm": "RSA",
            "ecdsa_curve": "P224",
            "id": "72ad1c2b8aaa2cd331474ba7fa4e5f7c93c3136f",
            "private_key_openssh": "-----BEGIN OPENSSH PRIVATE KEY-----\nb3BlbnNzaC1rZXktdjEAAAAABG5vbmUAAAAEbm9uZQAAAAAAAAABAAACFwAAAAdz\nc2gtcnNhAAAAAwEAAQAAAgEAxA/jx/stlofKQhEJY2g0JwnL3WQ+8qpXZ2tsFhgW\nOpIEwEJmG1FaSpzC6f2tRSX0wbndgbduEUFSubptxvP+gzj10eaGcOnI5daVJKlR\nCmHgX6C1Dnem1piQkVYSDelTbAznr/CNYL71HOx9KxOnHhP8glAVQ4ba58dXp7NO\nhhq1LQYYMrFthMyNa7H3LDD8EAdrYktQeHUdaTScARJUh9Fpb5XjnVRhAnKTBsMO\n6UVOWdwnbCGxDinSaqNc1ioaKqo0CgagOJqwH1nuHGBTrITGY54veDqmi+lt1W2B\nfu3APpEGXyDDEzjKtqckAStSPxxHOaiNxfuY7JsHJ75KYtiSCUQ1qXPkS3sBvVo2\n6EFtMpN2bFna72mfrcN1tyVu0RWl1WpO75uePo2jfoBSoRCCSA4weRDBDFlBEi4z\nN+IJZbfs0K3XfnP+Scv/F9JeBN31T7yygtFexIZ6LHL9qHFXX9lPLBfsKUQLPwsg\naTlRZNWHgpdEcsad4Tp9MIcDtyQdPw8rd2i8s/dnq8GDpRuepwagkeJL5bXGImVM\nPtHrxS2pDckYJCtSDLgx+fbajb2nABj7Mrvpz9AZx7W17Ut2qUZmk7DNZL7AOmnt\n7vDg6AKJpDXbYetN8WuQKBdJj+n4BDxA1wr47X3CrraPXKpUiqwfxQwZGhMPLM3V\nro8AAAc4tnXn+LZ15/gAAAAHc3NoLXJzYQAAAgEAxA/jx/stlofKQhEJY2g0JwnL\n3WQ+8qpXZ2tsFhgWOpIEwEJmG1FaSpzC6f2tRSX0wbndgbduEUFSubptxvP+gzj1\n0eaGcOnI5daVJKlRCmHgX6C1Dnem1piQkVYSDelTbAznr/CNYL71HOx9KxOnHhP8\nglAVQ4ba58dXp7NOhhq1LQYYMrFthMyNa7H3LDD8EAdrYktQeHUdaTScARJUh9Fp\nb5XjnVRhAnKTBsMO6UVOWdwnbCGxDinSaqNc1ioaKqo0CgagOJqwH1nuHGBTrITG\nY54veDqmi+lt1W2Bfu3APpEGXyDDEzjKtqckAStSPxxHOaiNxfuY7JsHJ75KYtiS\nCUQ1qXPkS3sBvVo26EFtMpN2bFna72mfrcN1tyVu0RWl1WpO75uePo2jfoBSoRCC\nSA4weRDBDFlBEi4zN+IJZbfs0K3XfnP+Scv/F9JeBN31T7yygtFexIZ6LHL9qHFX\nX9lPLBfsKUQLPwsgaTlRZNWHgpdEcsad4Tp9MIcDtyQdPw8rd2i8s/dnq8GDpRue\npwagkeJL5bXGImVMPtHrxS2pDckYJCtSDLgx+fbajb2nABj7Mrvpz9AZx7W17Ut2\nqUZmk7DNZL7AOmnt7vDg6AKJpDXbYetN8WuQKBdJj+n4BDxA1wr47X3CrraPXKpU\niqwfxQwZGhMPLM3Vro8AAAADAQABAAACADLIZthyn9FApMvN+9+Kqw99gxd6Eq/q\nHS+FbH6giIltLtvZlvb2cGupBPd0pH+noCjZip1BtLm1cMb4mdyRcFfu1gUjL6lp\ndIbLuN/BF2OYDHTYfG0d4tHsvG1YnN6Lk/cFtLEmnofzjiuKubUBpySsSpg6Q/e0\no1irknG2iN1FZ64cyQHAYTyneu3tL7d7jJ5ePZs9JL++nfqVDN9eLxTq0eN8MHOc\n2m+224xB08fqEqxF0NQ6OdEQVhcW70Htr89jPI1oP/HJZ1sHgRxKewHRdk1xOJxs\nnJzavn8smQEWddf+2majZsPAzwjWbAX9gZUlLvGpTed9DpQiZ40Mxdk2V/P+JIOr\nhZ4/JmtZE69NiVN0/+ie3mrSyF09X657Q2tJOPP8j0YPWUytWoZlaLM15NVQZJ65\nU+l7AOYlcpMRRkrXSgw5jBVwgPnf9BodxUs8VZOgbk6NjQ++CdtjI3sETnSqimtM\n6V/9seJ4DjqKeyAv9nocdYlhNIv+PMvanxO8Sgyi9Ye3mKQeewG0Ehte+eiuYWiM\nsljcO3bYT74SoFITQCuk2wG1hflfnEtq1HH32xOSEZ7UCagslA271Tj4a6IdwwP7\nRn3LqRtgrhrhZlqn7rb3W6tDLAErLIk8QMRsEXGtXzG0ZSinJYB+pUES3HcPU2Lq\nbPW2MlYY7JdRAAABAC4mtMdrevrjAW698FKado+c8CVShd+fb+fRnFsxOBl4bIp2\nPvZcdoPJuF3jCsPHZOu6rnS1kt+plpSmnCkEul2xXwzUIxWFmgfpyXqkk8BVWcSz\nwzlvkmjyd7eSoui0GZWqN0dGJtVIYEc6DdpqnRX6NVsrjjsFx5BH2cacpKGXStRJ\nOoIV55NN+ow+c6KMLEXBKNq9dJrYf3fQiYCtH+3eU93JZAuoWiCCLBOSPfYacI6h\necY+Cu6uthw9jlu034vSvlbRp81MMVA+KuciB8BdU4VdM3yQa+VFTLnJ34CL/lJe\nBV9p2Kmqy503WsnmBSHv6swoV/y1flHEH9uTNlgAAAEBANeCjhLxNPcGYWVZbh/I\n9tpUl2VZJBgrdbQndbLoFlYXMQvNLyej6/ActynkEK4zry4Kz9ZswAAyLW//1TUY\nf9sS3ls2sEsRlf86r2oXV4r7enUmzqC4Ov0Am2rjuXpyh+eqXCZbn75J9N1DoYos\nf6IY/aCBeKAiRp73Kk+/nCw9HgXgiXW/Fe393z7H8fyVmVQTq7I1tHxqeMOq2WQy\nwPTQJMgBjxNqIx9xY2pdANVkXX83X8rK1C1LeFYb2PxqYmbThkFkKXpSgHtKmn8O\ndean/geR/uJcQv3KpqX8qREke7l1kg6NLQCaLc1dhltfQzuxLLC6xrw34CakgbkG\nr1cAAAEBAOjl8W0SLYQZ9JHDmT0CAKVyUrnhLNPdcmv2RANEn4tAyMM35d1GR2tk\nJpMozcCFGB8AS+BTbZHpz+RJlz4iYydSR6La10tY/kT7L5hNhEIlSBLc5GcJbBJE\nHHvD6XKBaZ+gbBb7e7X24s/tJj569C6UClJoDJsCSy4usmk2hxtvxXsb9F3GhlnC\nBG+GQEaJ8l3hlQA0KsbpzV1rCEevVKgnD/zl3x9EXkTnVCXbcUd3xmagUPonm93U\n6qne5B+iqyBow+XR5zcAMQnhtarggUQ8QtkuKkd3qVQa2duNuqRzN+s6vVwu80PU\nrnZBa8vU6KS140Vj52globGKKwZKT4kAAAAAAQID\n-----END OPENSSH PRIVATE KEY-----\n",
            "private_key_pem": "-----BEGIN RSA PRIVATE KEY-----\nMIIJKAIBAAKCAgEAxA/jx/stlofKQhEJY2g0JwnL3WQ+8qpXZ2tsFhgWOpIEwEJm\nG1FaSpzC6f2tRSX0wbndgbduEUFSubptxvP+gzj10eaGcOnI5daVJKlRCmHgX6C1\nDnem1piQkVYSDelTbAznr/CNYL71HOx9KxOnHhP8glAVQ4ba58dXp7NOhhq1LQYY\nMrFthMyNa7H3LDD8EAdrYktQeHUdaTScARJUh9Fpb5XjnVRhAnKTBsMO6UVOWdwn\nbCGxDinSaqNc1ioaKqo0CgagOJqwH1nuHGBTrITGY54veDqmi+lt1W2Bfu3APpEG\nXyDDEzjKtqckAStSPxxHOaiNxfuY7JsHJ75KYtiSCUQ1qXPkS3sBvVo26EFtMpN2\nbFna72mfrcN1tyVu0RWl1WpO75uePo2jfoBSoRCCSA4weRDBDFlBEi4zN+IJZbfs\n0K3XfnP+Scv/F9JeBN31T7yygtFexIZ6LHL9qHFXX9lPLBfsKUQLPwsgaTlRZNWH\ngpdEcsad4Tp9MIcDtyQdPw8rd2i8s/dnq8GDpRuepwagkeJL5bXGImVMPtHrxS2p\nDckYJCtSDLgx+fbajb2nABj7Mrvpz9AZx7W17Ut2qUZmk7DNZL7AOmnt7vDg6AKJ\npDXbYetN8WuQKBdJj+n4BDxA1wr47X3CrraPXKpUiqwfxQwZGhMPLM3Vro8CAwEA\nAQKCAgAyyGbYcp/RQKTLzfvfiqsPfYMXehKv6h0vhWx+oIiJbS7b2Zb29nBrqQT3\ndKR/p6Ao2YqdQbS5tXDG+JnckXBX7tYFIy+paXSGy7jfwRdjmAx02HxtHeLR7Lxt\nWJzei5P3BbSxJp6H844rirm1AackrEqYOkP3tKNYq5JxtojdRWeuHMkBwGE8p3rt\n7S+3e4yeXj2bPSS/vp36lQzfXi8U6tHjfDBznNpvttuMQdPH6hKsRdDUOjnREFYX\nFu9B7a/PYzyNaD/xyWdbB4EcSnsB0XZNcTicbJyc2r5/LJkBFnXX/tpmo2bDwM8I\n1mwF/YGVJS7xqU3nfQ6UImeNDMXZNlfz/iSDq4WePyZrWROvTYlTdP/ont5q0shd\nPV+ue0NrSTjz/I9GD1lMrVqGZWizNeTVUGSeuVPpewDmJXKTEUZK10oMOYwVcID5\n3/QaHcVLPFWToG5OjY0PvgnbYyN7BE50qoprTOlf/bHieA46insgL/Z6HHWJYTSL\n/jzL2p8TvEoMovWHt5ikHnsBtBIbXvnormFojLJY3Dt22E++EqBSE0ArpNsBtYX5\nX5xLatRx99sTkhGe1AmoLJQNu9U4+GuiHcMD+0Z9y6kbYK4a4WZap+6291urQywB\nKyyJPEDEbBFxrV8xtGUopyWAfqVBEtx3D1Ni6mz1tjJWGOyXUQKCAQEA14KOEvE0\n9wZhZVluH8j22lSXZVkkGCt1tCd1sugWVhcxC80vJ6Pr8By3KeQQrjOvLgrP1mzA\nADItb//VNRh/2xLeWzawSxGV/zqvahdXivt6dSbOoLg6/QCbauO5enKH56pcJluf\nvkn03UOhiix/ohj9oIF4oCJGnvcqT7+cLD0eBeCJdb8V7f3fPsfx/JWZVBOrsjW0\nfGp4w6rZZDLA9NAkyAGPE2ojH3Fjal0A1WRdfzdfysrULUt4VhvY/GpiZtOGQWQp\nelKAe0qafw515qf+B5H+4lxC/cqmpfypESR7uXWSDo0tAJotzV2GW19DO7EssLrG\nvDfgJqSBuQavVwKCAQEA6OXxbRIthBn0kcOZPQIApXJSueEs091ya/ZEA0Sfi0DI\nwzfl3UZHa2QmkyjNwIUYHwBL4FNtkenP5EmXPiJjJ1JHotrXS1j+RPsvmE2EQiVI\nEtzkZwlsEkQce8PpcoFpn6BsFvt7tfbiz+0mPnr0LpQKUmgMmwJLLi6yaTaHG2/F\nexv0XcaGWcIEb4ZARonyXeGVADQqxunNXWsIR69UqCcP/OXfH0ReROdUJdtxR3fG\nZqBQ+ieb3dTqqd7kH6KrIGjD5dHnNwAxCeG1quCBRDxC2S4qR3epVBrZ2426pHM3\n6zq9XC7zQ9SudkFry9TopLXjRWPnaCWhsYorBkpPiQKCAQEAoNjuVTD2SRDYDJ7M\n1KhXpejQ/nGjwO5e8VEqRZd3ZFX240oHUdzEsfectYVk9b/ZldG4AeA1BXBt/VPC\nu9hHRSk2EHom5kB/5XjVh6dYTYEYiuul+MrILCER3puMydlFmiDKmk50UcA9JA/g\nN5KyyDdCxVMcxtgOQYNUbyUh2Nrc16IYtmsiYPjEcMUm1VCKmff8hAwVY27MJ64S\nhvhij9XyPdz7/o+PG16zxqUXhC1eox6fPmpYJl5XuF0cfHiibQCfCZtKYePFxT+P\nRBl04eysatYKmMQns+hWrTiAryy9s1QO6RFxbyuj181gBD57ncfFBTrCLaS+hdju\ngTx+DQKCAQAvzsvhVOLtBBr1NQ6mvFt/mtkqePOnxgRv7wyFEzgg8LqFgFr6MiwE\n+nkEqlKaG3gZHQl2Ugni8vkO5qBaS9rIvpYf8wZQ3ELNzDY38Gme3mJOJPPpxsBd\ne4fRTCUGsVQKRXcKvLLnZnemsQqxtrGbQh5gTiWQSEdAgqty95OCaU5DeDiQa2k2\n0aHxdsCI+lY7OUxJz2uci2/xpj/73xzkq6gXhORpWbJ0OHxIjSRSxF6AwJX+09Sm\nE8fb+PohGFZCf97+tTjeTHbEjYWqPw2qASjDxjs9km266wwfipdunIw1CEjIvIaJ\nPQZXFhTXsavT69ZsbxaYhWkMtc0hLG3pAoIBAC4mtMdrevrjAW698FKado+c8CVS\nhd+fb+fRnFsxOBl4bIp2PvZcdoPJuF3jCsPHZOu6rnS1kt+plpSmnCkEul2xXwzU\nIxWFmgfpyXqkk8BVWcSzwzlvkmjyd7eSoui0GZWqN0dGJtVIYEc6DdpqnRX6NVsr\njjsFx5BH2cacpKGXStRJOoIV55NN+ow+c6KMLEXBKNq9dJrYf3fQiYCtH+3eU93J\nZAuoWiCCLBOSPfYacI6hecY+Cu6uthw9jlu034vSvlbRp81MMVA+KuciB8BdU4Vd\nM3yQa+VFTLnJ34CL/lJeBV9p2Kmqy503WsnmBSHv6swoV/y1flHEH9uTNlg=\n-----END RSA PRIVATE KEY-----\n",
            "public_key_fingerprint_md5": "e3:1f:43:df:bd:f5:ea:01:f5:a2:84:35:8f:d2:77:c0",
            "public_key_fingerprint_sha256": "SHA256:AYgMf0qlDb0OuGeSD8dXKaKc1dyDJhXtpX3x/eMlDA8",
            "public_key_openssh": "ssh-rsa AAAAB3NzaC1yc2EAAAADAQABAAACAQDED+PH+y2Wh8pCEQljaDQnCcvdZD7yqldna2wWGBY6kgTAQmYbUVpKnMLp/a1FJfTBud2Bt24RQVK5um3G8/6DOPXR5oZw6cjl1pUkqVEKYeBfoLUOd6bWmJCRVhIN6VNsDOev8I1gvvUc7H0rE6ceE/yCUBVDhtrnx1ens06GGrUtBhgysW2EzI1rsfcsMPwQB2tiS1B4dR1pNJwBElSH0WlvleOdVGECcpMGww7pRU5Z3CdsIbEOKdJqo1zWKhoqqjQKBqA4mrAfWe4cYFOshMZjni94OqaL6W3VbYF+7cA+kQZfIMMTOMq2pyQBK1I/HEc5qI3F+5jsmwcnvkpi2JIJRDWpc+RLewG9WjboQW0yk3ZsWdrvaZ+tw3W3JW7RFaXVak7vm54+jaN+gFKhEIJIDjB5EMEMWUESLjM34gllt+zQrdd+c/5Jy/8X0l4E3fVPvLKC0V7Ehnoscv2ocVdf2U8sF+wpRAs/CyBpOVFk1YeCl0Ryxp3hOn0whwO3JB0/Dyt3aLyz92erwYOlG56nBqCR4kvltcYiZUw+0evFLakNyRgkK1IMuDH59tqNvacAGPsyu+nP0BnHtbXtS3apRmaTsM1kvsA6ae3u8ODoAomkNdth603xa5AoF0mP6fgEPEDXCvjtfcKuto9cqlSKrB/FDBkaEw8szdWujw==\n",
            "public_key_pem": "-----BEGIN PUBLIC KEY-----\nMIICIjANBgkqhkiG9w0BAQEFAAOCAg8AMIICCgKCAgEAxA/jx/stlofKQhEJY2g0\nJwnL3WQ+8qpXZ2tsFhgWOpIEwEJmG1FaSpzC6f2tRSX0wbndgbduEUFSubptxvP+\ngzj10eaGcOnI5daVJKlRCmHgX6C1Dnem1piQkVYSDelTbAznr/CNYL71HOx9KxOn\nHhP8glAVQ4ba58dXp7NOhhq1LQYYMrFthMyNa7H3LDD8EAdrYktQeHUdaTScARJU\nh9Fpb5XjnVRhAnKTBsMO6UVOWdwnbCGxDinSaqNc1ioaKqo0CgagOJqwH1nuHGBT\nrITGY54veDqmi+lt1W2Bfu3APpEGXyDDEzjKtqckAStSPxxHOaiNxfuY7JsHJ75K\nYtiSCUQ1qXPkS3sBvVo26EFtMpN2bFna72mfrcN1tyVu0RWl1WpO75uePo2jfoBS\noRCCSA4weRDBDFlBEi4zN+IJZbfs0K3XfnP+Scv/F9JeBN31T7yygtFexIZ6LHL9\nqHFXX9lPLBfsKUQLPwsgaTlRZNWHgpdEcsad4Tp9MIcDtyQdPw8rd2i8s/dnq8GD\npRuepwagkeJL5bXGImVMPtHrxS2pDckYJCtSDLgx+fbajb2nABj7Mrvpz9AZx7W1\n7Ut2qUZmk7DNZL7AOmnt7vDg6AKJpDXbYetN8WuQKBdJj+n4BDxA1wr47X3CrraP\nXKpUiqwfxQwZGhMPLM3Vro8CAwEAAQ==\n-----END PUBLIC KEY-----\n",
            "rsa_bits": 4096
          },
          "sensitive_attributes": [],
          "private": "bnVsbA==",
          "dependencies": [
            "module.vpc.aws_cloudwatch_log_group.flow_log",
            "module.vpc.aws_customer_gateway.this",
            "module.vpc.aws_db_subnet_group.database",
            "module.vpc.aws_default_network_acl.this",
            "module.vpc.aws_default_route_table.default",
            "module.vpc.aws_default_security_group.this",
            "module.vpc.aws_default_vpc.this",
            "module.vpc.aws_egress_only_internet_gateway.this",
            "module.vpc.aws_eip.nat",
            "module.vpc.aws_elasticache_subnet_group.elasticache",
            "module.vpc.aws_flow_log.this",
            "module.vpc.aws_iam_policy.vpc_flow_log_cloudwatch",
            "module.vpc.aws_iam_role.vpc_flow_log_cloudwatch",
            "module.vpc.aws_iam_role_policy_attachment.vpc_flow_log_cloudwatch",
            "module.vpc.aws_internet_gateway.this",
            "module.vpc.aws_nat_gateway.this",
            "module.vpc.aws_network_acl.database",
            "module.vpc.aws_network_acl.elasticache",
            "module.vpc.aws_network_acl.intra",
            "module.vpc.aws_network_acl.outpost",
            "module.vpc.aws_network_acl.private",
            "module.vpc.aws_network_acl.public",
            "module.vpc.aws_network_acl.redshift",
            "module.vpc.aws_network_acl_rule.database_inbound",
            "module.vpc.aws_network_acl_rule.database_outbound",
            "module.vpc.aws_network_acl_rule.elasticache_inbound",
            "module.vpc.aws_network_acl_rule.elasticache_outbound",
            "module.vpc.aws_network_acl_rule.intra_inbound",
            "module.vpc.aws_network_acl_rule.intra_outbound",
            "module.vpc.aws_network_acl_rule.outpost_inbound",
            "module.vpc.aws_network_acl_rule.outpost_outbound",
            "module.vpc.aws_network_acl_rule.private_inbound",
            "module.vpc.aws_network_acl_rule.private_outbound",
            "module.vpc.aws_network_acl_rule.public_inbound",
            "module.vpc.aws_network_acl_rule.public_outbound",
            "module.vpc.aws_network_acl_rule.redshift_inbound",
            "module.vpc.aws_network_acl_rule.redshift_outbound",
            "module.vpc.aws_redshift_subnet_group.redshift",
            "module.vpc.aws_route.database_internet_gateway",
            "module.vpc.aws_route.database_ipv6_egress",
            "module.vpc.aws_route.database_nat_gateway",
            "module.vpc.aws_route.private_ipv6_egress",
            "module.vpc.aws_route.private_nat_gateway",
            "module.vpc.aws_route.public_internet_gateway",
            "module.vpc.aws_route.public_internet_gateway_ipv6",
            "module.vpc.aws_route_table.database",
            "module.vpc.aws_route_table.elasticache",
            "module.vpc.aws_route_table.intra",
            "module.vpc.aws_route_table.private",
            "module.vpc.aws_route_table.public",
            "module.vpc.aws_route_table.redshift",
            "module.vpc.aws_route_table_association.database",
            "module.vpc.aws_route_table_association.elasticache",
            "module.vpc.aws_route_table_association.intra",
            "module.vpc.aws_route_table_association.outpost",
            "module.vpc.aws_route_table_association.private",
            "module.vpc.aws_route_table_association.public",
            "module.vpc.aws_route_table_association.redshift",
            "module.vpc.aws_route_table_association.redshift_public",
            "module.vpc.aws_subnet.database",
            "module.vpc.aws_subnet.elasticache",
            "module.vpc.aws_subnet.intra",
            "module.vpc.aws_subnet.outpost",
            "module.vpc.aws_subnet.private",
            "module.vpc.aws_subnet.public",
            "module.vpc.aws_subnet.redshift",
            "module.vpc.aws_vpc.this",
            "module.vpc.aws_vpc_dhcp_options.this",
            "module.vpc.aws_vpc_dhcp_options_association.this",
            "module.vpc.aws_vpc_ipv4_cidr_block_association.this",
            "module.vpc.aws_vpn_gateway.this",
            "module.vpc.aws_vpn_gateway_attachment.this",
            "module.vpc.aws_vpn_gateway_route_propagation.intra",
            "module.vpc.aws_vpn_gateway_route_propagation.private",
            "module.vpc.aws_vpn_gateway_route_propagation.public",
            "module.vpc.data.aws_iam_policy_document.flow_log_cloudwatch_assume_role",
            "module.vpc.data.aws_iam_policy_document.vpc_flow_log_cloudwatch"
          ]
        }
      ]
    },
    {
      "module": "module.vpc",
      "mode": "managed",
      "type": "aws_eip",
      "name": "nat",
      "provider": "provider[\"registry.terraform.io/hashicorp/aws\"]",
      "instances": [
        {
          "index_key": 0,
          "schema_version": 0,
          "attributes": {
            "address": null,
            "allocation_id": "eipalloc-07190b37d54b2ce94",
            "associate_with_private_ip": null,
            "association_id": "",
            "carrier_ip": "",
            "customer_owned_ip": "",
            "customer_owned_ipv4_pool": "",
            "domain": "vpc",
            "id": "eipalloc-07190b37d54b2ce94",
            "instance": "",
            "network_border_group": "us-east-1",
            "network_interface": "",
            "private_dns": null,
            "private_ip": "",
            "public_dns": "ec2-44-194-151-231.compute-1.amazonaws.com",
            "public_ip": "44.194.151.231",
            "public_ipv4_pool": "amazon",
            "tags": {
              "Name": "VPC-us-east-1a"
            },
            "tags_all": {
              "Name": "VPC-us-east-1a"
            },
            "timeouts": null,
            "vpc": true
          },
          "sensitive_attributes": [],
          "private": "eyJlMmJmYjczMC1lY2FhLTExZTYtOGY4OC0zNDM2M2JjN2M0YzAiOnsiZGVsZXRlIjoxODAwMDAwMDAwMDAsInJlYWQiOjkwMDAwMDAwMDAwMCwidXBkYXRlIjozMDAwMDAwMDAwMDB9fQ=="
        }
      ]
    },
    {
      "module": "module.vpc",
      "mode": "managed",
      "type": "aws_internet_gateway",
      "name": "this",
      "provider": "provider[\"registry.terraform.io/hashicorp/aws\"]",
      "instances": [
        {
          "index_key": 0,
          "schema_version": 0,
          "attributes": {
            "arn": "arn:aws:ec2:us-east-1:792849899666:internet-gateway/igw-049b9a8ac90b6eb15",
            "id": "igw-049b9a8ac90b6eb15",
            "owner_id": "792849899666",
            "tags": {
              "Name": "VPC"
            },
            "tags_all": {
              "Name": "VPC"
            },
            "vpc_id": "vpc-0f61b1e27a630f170"
          },
          "sensitive_attributes": [],
          "private": "bnVsbA==",
          "dependencies": [
            "module.vpc.aws_vpc.this",
            "module.vpc.aws_vpc_ipv4_cidr_block_association.this"
          ]
        }
      ]
    },
    {
      "module": "module.vpc",
      "mode": "managed",
      "type": "aws_nat_gateway",
      "name": "this",
      "provider": "provider[\"registry.terraform.io/hashicorp/aws\"]",
      "instances": [
        {
          "index_key": 0,
          "schema_version": 0,
          "attributes": {
            "allocation_id": "eipalloc-07190b37d54b2ce94",
            "connectivity_type": "public",
            "id": "nat-049aaa413845cf1c9",
            "network_interface_id": "eni-04c14cc1a28ba4b18",
            "private_ip": "172.23.6.37",
            "public_ip": "44.194.151.231",
            "subnet_id": "subnet-03a7462c7e26b4a81",
            "tags": {
              "Name": "caldera-test_natgateway"
            },
            "tags_all": {
              "Name": "caldera-test_natgateway"
            }
          },
          "sensitive_attributes": [],
          "private": "bnVsbA==",
          "dependencies": [
            "module.vpc.aws_eip.nat",
            "module.vpc.aws_internet_gateway.this",
            "module.vpc.aws_subnet.public",
            "module.vpc.aws_vpc.this",
            "module.vpc.aws_vpc_ipv4_cidr_block_association.this"
          ]
        }
      ]
    },
    {
      "module": "module.vpc",
      "mode": "managed",
      "type": "aws_route",
      "name": "private_nat_gateway",
      "provider": "provider[\"registry.terraform.io/hashicorp/aws\"]",
      "instances": [
        {
          "index_key": 0,
          "schema_version": 0,
          "attributes": {
            "carrier_gateway_id": "",
            "core_network_arn": "",
            "destination_cidr_block": "0.0.0.0/0",
            "destination_ipv6_cidr_block": "",
            "destination_prefix_list_id": "",
            "egress_only_gateway_id": "",
            "gateway_id": "",
            "id": "r-rtb-097c1853dfb4bf63a1080289494",
            "instance_id": "",
            "instance_owner_id": "",
            "local_gateway_id": "",
            "nat_gateway_id": "nat-049aaa413845cf1c9",
            "network_interface_id": "",
            "origin": "CreateRoute",
            "route_table_id": "rtb-097c1853dfb4bf63a",
            "state": "active",
            "timeouts": {
              "create": "5m",
              "delete": null,
              "update": null
            },
            "transit_gateway_id": "",
            "vpc_endpoint_id": "",
            "vpc_peering_connection_id": ""
          },
          "sensitive_attributes": [],
          "private": "eyJlMmJmYjczMC1lY2FhLTExZTYtOGY4OC0zNDM2M2JjN2M0YzAiOnsiY3JlYXRlIjozMDAwMDAwMDAwMDAsImRlbGV0ZSI6MzAwMDAwMDAwMDAwLCJ1cGRhdGUiOjEyMDAwMDAwMDAwMH19",
          "dependencies": [
            "module.vpc.aws_eip.nat",
            "module.vpc.aws_internet_gateway.this",
            "module.vpc.aws_nat_gateway.this",
            "module.vpc.aws_route_table.private",
            "module.vpc.aws_subnet.public",
            "module.vpc.aws_vpc.this",
            "module.vpc.aws_vpc_ipv4_cidr_block_association.this"
          ]
        }
      ]
    },
    {
      "module": "module.vpc",
      "mode": "managed",
      "type": "aws_route",
      "name": "public_internet_gateway",
      "provider": "provider[\"registry.terraform.io/hashicorp/aws\"]",
      "instances": [
        {
          "index_key": 0,
          "schema_version": 0,
          "attributes": {
            "carrier_gateway_id": "",
            "core_network_arn": "",
            "destination_cidr_block": "0.0.0.0/0",
            "destination_ipv6_cidr_block": "",
            "destination_prefix_list_id": "",
            "egress_only_gateway_id": "",
            "gateway_id": "igw-049b9a8ac90b6eb15",
            "id": "r-rtb-00c8813688d9567b31080289494",
            "instance_id": "",
            "instance_owner_id": "",
            "local_gateway_id": "",
            "nat_gateway_id": "",
            "network_interface_id": "",
            "origin": "CreateRoute",
            "route_table_id": "rtb-00c8813688d9567b3",
            "state": "active",
            "timeouts": {
              "create": "5m",
              "delete": null,
              "update": null
            },
            "transit_gateway_id": "",
            "vpc_endpoint_id": "",
            "vpc_peering_connection_id": ""
          },
          "sensitive_attributes": [],
          "private": "eyJlMmJmYjczMC1lY2FhLTExZTYtOGY4OC0zNDM2M2JjN2M0YzAiOnsiY3JlYXRlIjozMDAwMDAwMDAwMDAsImRlbGV0ZSI6MzAwMDAwMDAwMDAwLCJ1cGRhdGUiOjEyMDAwMDAwMDAwMH19",
          "dependencies": [
            "module.vpc.aws_internet_gateway.this",
            "module.vpc.aws_route_table.public",
            "module.vpc.aws_vpc.this",
            "module.vpc.aws_vpc_ipv4_cidr_block_association.this"
          ]
        }
      ]
    },
    {
      "module": "module.vpc",
      "mode": "managed",
      "type": "aws_route_table",
      "name": "private",
      "provider": "provider[\"registry.terraform.io/hashicorp/aws\"]",
      "instances": [
        {
          "index_key": 0,
          "schema_version": 0,
          "attributes": {
            "arn": "arn:aws:ec2:us-east-1:792849899666:route-table/rtb-097c1853dfb4bf63a",
            "id": "rtb-097c1853dfb4bf63a",
            "owner_id": "792849899666",
            "propagating_vgws": [],
            "route": [],
            "tags": {
              "Name": "VPC-private"
            },
            "tags_all": {
              "Name": "VPC-private"
            },
            "timeouts": null,
            "vpc_id": "vpc-0f61b1e27a630f170"
          },
          "sensitive_attributes": [],
          "private": "eyJlMmJmYjczMC1lY2FhLTExZTYtOGY4OC0zNDM2M2JjN2M0YzAiOnsiY3JlYXRlIjozMDAwMDAwMDAwMDAsImRlbGV0ZSI6MzAwMDAwMDAwMDAwLCJ1cGRhdGUiOjEyMDAwMDAwMDAwMH19",
          "dependencies": [
            "module.vpc.aws_vpc.this",
            "module.vpc.aws_vpc_ipv4_cidr_block_association.this"
          ]
        }
      ]
    },
    {
      "module": "module.vpc",
      "mode": "managed",
      "type": "aws_route_table",
      "name": "public",
      "provider": "provider[\"registry.terraform.io/hashicorp/aws\"]",
      "instances": [
        {
          "index_key": 0,
          "schema_version": 0,
          "attributes": {
            "arn": "arn:aws:ec2:us-east-1:792849899666:route-table/rtb-00c8813688d9567b3",
            "id": "rtb-00c8813688d9567b3",
            "owner_id": "792849899666",
            "propagating_vgws": [],
            "route": [],
            "tags": {
              "Name": "VPC-public"
            },
            "tags_all": {
              "Name": "VPC-public"
            },
            "timeouts": null,
            "vpc_id": "vpc-0f61b1e27a630f170"
          },
          "sensitive_attributes": [],
          "private": "eyJlMmJmYjczMC1lY2FhLTExZTYtOGY4OC0zNDM2M2JjN2M0YzAiOnsiY3JlYXRlIjozMDAwMDAwMDAwMDAsImRlbGV0ZSI6MzAwMDAwMDAwMDAwLCJ1cGRhdGUiOjEyMDAwMDAwMDAwMH19",
          "dependencies": [
            "module.vpc.aws_vpc.this",
            "module.vpc.aws_vpc_ipv4_cidr_block_association.this"
          ]
        }
      ]
    },
    {
      "module": "module.vpc",
      "mode": "managed",
      "type": "aws_route_table_association",
      "name": "private",
      "provider": "provider[\"registry.terraform.io/hashicorp/aws\"]",
      "instances": [
        {
          "index_key": 0,
          "schema_version": 0,
          "attributes": {
            "gateway_id": "",
            "id": "rtbassoc-0771e988326e91ad5",
            "route_table_id": "rtb-097c1853dfb4bf63a",
            "subnet_id": "subnet-004b48028f50a21c0"
          },
          "sensitive_attributes": [],
          "private": "bnVsbA==",
          "dependencies": [
            "module.vpc.aws_route_table.private",
            "module.vpc.aws_subnet.private",
            "module.vpc.aws_vpc.this",
            "module.vpc.aws_vpc_ipv4_cidr_block_association.this"
          ]
        },
        {
          "index_key": 1,
          "schema_version": 0,
          "attributes": {
            "gateway_id": "",
            "id": "rtbassoc-0c9dc390c87e4fac4",
            "route_table_id": "rtb-097c1853dfb4bf63a",
            "subnet_id": "subnet-035635aa955cc01a4"
          },
          "sensitive_attributes": [],
          "private": "bnVsbA==",
          "dependencies": [
            "module.vpc.aws_route_table.private",
            "module.vpc.aws_subnet.private",
            "module.vpc.aws_vpc.this",
            "module.vpc.aws_vpc_ipv4_cidr_block_association.this"
          ]
        },
        {
          "index_key": 2,
          "schema_version": 0,
          "attributes": {
            "gateway_id": "",
            "id": "rtbassoc-0754f1a2bef12b94b",
            "route_table_id": "rtb-097c1853dfb4bf63a",
            "subnet_id": "subnet-07a07dc4074c26282"
          },
          "sensitive_attributes": [],
          "private": "bnVsbA==",
          "dependencies": [
            "module.vpc.aws_route_table.private",
            "module.vpc.aws_subnet.private",
            "module.vpc.aws_vpc.this",
            "module.vpc.aws_vpc_ipv4_cidr_block_association.this"
          ]
        },
        {
          "index_key": 3,
          "schema_version": 0,
          "attributes": {
            "gateway_id": "",
            "id": "rtbassoc-0dd512f127d0548db",
            "route_table_id": "rtb-097c1853dfb4bf63a",
            "subnet_id": "subnet-0d46507bdb2ef8764"
          },
          "sensitive_attributes": [],
          "private": "bnVsbA==",
          "dependencies": [
            "module.vpc.aws_route_table.private",
            "module.vpc.aws_subnet.private",
            "module.vpc.aws_vpc.this",
            "module.vpc.aws_vpc_ipv4_cidr_block_association.this"
          ]
        },
        {
          "index_key": 4,
          "schema_version": 0,
          "attributes": {
            "gateway_id": "",
            "id": "rtbassoc-0d69259b6b9dc515b",
            "route_table_id": "rtb-097c1853dfb4bf63a",
            "subnet_id": "subnet-0eebab879242814b1"
          },
          "sensitive_attributes": [],
          "private": "bnVsbA==",
          "dependencies": [
            "module.vpc.aws_route_table.private",
            "module.vpc.aws_subnet.private",
            "module.vpc.aws_vpc.this",
            "module.vpc.aws_vpc_ipv4_cidr_block_association.this"
          ]
        }
      ]
    },
    {
      "module": "module.vpc",
      "mode": "managed",
      "type": "aws_route_table_association",
      "name": "public",
      "provider": "provider[\"registry.terraform.io/hashicorp/aws\"]",
      "instances": [
        {
          "index_key": 0,
          "schema_version": 0,
          "attributes": {
            "gateway_id": "",
            "id": "rtbassoc-0072eaceb3cedb0d4",
            "route_table_id": "rtb-00c8813688d9567b3",
            "subnet_id": "subnet-03a7462c7e26b4a81"
          },
          "sensitive_attributes": [],
          "private": "bnVsbA==",
          "dependencies": [
            "module.vpc.aws_route_table.public",
            "module.vpc.aws_subnet.public",
            "module.vpc.aws_vpc.this",
            "module.vpc.aws_vpc_ipv4_cidr_block_association.this"
          ]
        },
        {
          "index_key": 1,
          "schema_version": 0,
          "attributes": {
            "gateway_id": "",
            "id": "rtbassoc-00af3179d69f31907",
            "route_table_id": "rtb-00c8813688d9567b3",
            "subnet_id": "subnet-0af9f71a8642b5ced"
          },
          "sensitive_attributes": [],
          "private": "bnVsbA==",
          "dependencies": [
            "module.vpc.aws_route_table.public",
            "module.vpc.aws_subnet.public",
            "module.vpc.aws_vpc.this",
            "module.vpc.aws_vpc_ipv4_cidr_block_association.this"
          ]
        },
        {
          "index_key": 2,
          "schema_version": 0,
          "attributes": {
            "gateway_id": "",
            "id": "rtbassoc-039c928e17f4bede2",
            "route_table_id": "rtb-00c8813688d9567b3",
            "subnet_id": "subnet-09fdf0b4cddfe3f45"
          },
          "sensitive_attributes": [],
          "private": "bnVsbA==",
          "dependencies": [
            "module.vpc.aws_route_table.public",
            "module.vpc.aws_subnet.public",
            "module.vpc.aws_vpc.this",
            "module.vpc.aws_vpc_ipv4_cidr_block_association.this"
          ]
        },
        {
          "index_key": 3,
          "schema_version": 0,
          "attributes": {
            "gateway_id": "",
            "id": "rtbassoc-00a7b42dc304d9f51",
            "route_table_id": "rtb-00c8813688d9567b3",
            "subnet_id": "subnet-09e4b6e3c13d40f5a"
          },
          "sensitive_attributes": [],
          "private": "bnVsbA==",
          "dependencies": [
            "module.vpc.aws_route_table.public",
            "module.vpc.aws_subnet.public",
            "module.vpc.aws_vpc.this",
            "module.vpc.aws_vpc_ipv4_cidr_block_association.this"
          ]
        },
        {
          "index_key": 4,
          "schema_version": 0,
          "attributes": {
            "gateway_id": "",
            "id": "rtbassoc-043d7cfdfd021d262",
            "route_table_id": "rtb-00c8813688d9567b3",
            "subnet_id": "subnet-0a80342e7b61e5967"
          },
          "sensitive_attributes": [],
          "private": "bnVsbA==",
          "dependencies": [
            "module.vpc.aws_route_table.public",
            "module.vpc.aws_subnet.public",
            "module.vpc.aws_vpc.this",
            "module.vpc.aws_vpc_ipv4_cidr_block_association.this"
          ]
        }
      ]
    },
    {
      "module": "module.vpc",
      "mode": "managed",
      "type": "aws_subnet",
      "name": "private",
      "provider": "provider[\"registry.terraform.io/hashicorp/aws\"]",
      "instances": [
        {
          "index_key": 0,
          "schema_version": 1,
          "attributes": {
            "arn": "arn:aws:ec2:us-east-1:792849899666:subnet/subnet-004b48028f50a21c0",
            "assign_ipv6_address_on_creation": false,
            "availability_zone": "us-east-1a",
            "availability_zone_id": "use1-az4",
            "cidr_block": "172.23.0.0/22",
            "customer_owned_ipv4_pool": "",
            "enable_dns64": false,
            "enable_resource_name_dns_a_record_on_launch": false,
            "enable_resource_name_dns_aaaa_record_on_launch": false,
            "id": "subnet-004b48028f50a21c0",
            "ipv6_cidr_block": "",
            "ipv6_cidr_block_association_id": "",
            "ipv6_native": false,
            "map_customer_owned_ip_on_launch": false,
            "map_public_ip_on_launch": false,
            "outpost_arn": "",
            "owner_id": "792849899666",
            "private_dns_hostname_type_on_launch": "ip-name",
            "tags": {
              "Name": "caldera-test_private"
            },
            "tags_all": {
              "Name": "caldera-test_private"
            },
            "timeouts": null,
            "vpc_id": "vpc-0f61b1e27a630f170"
          },
          "sensitive_attributes": [],
          "private": "eyJlMmJmYjczMC1lY2FhLTExZTYtOGY4OC0zNDM2M2JjN2M0YzAiOnsiY3JlYXRlIjo2MDAwMDAwMDAwMDAsImRlbGV0ZSI6MTIwMDAwMDAwMDAwMH0sInNjaGVtYV92ZXJzaW9uIjoiMSJ9",
          "dependencies": [
            "module.vpc.aws_vpc.this",
            "module.vpc.aws_vpc_ipv4_cidr_block_association.this"
          ]
        },
        {
          "index_key": 1,
          "schema_version": 1,
          "attributes": {
            "arn": "arn:aws:ec2:us-east-1:792849899666:subnet/subnet-035635aa955cc01a4",
            "assign_ipv6_address_on_creation": false,
            "availability_zone": "us-east-1b",
            "availability_zone_id": "use1-az6",
            "cidr_block": "172.23.32.0/22",
            "customer_owned_ipv4_pool": "",
            "enable_dns64": false,
            "enable_resource_name_dns_a_record_on_launch": false,
            "enable_resource_name_dns_aaaa_record_on_launch": false,
            "id": "subnet-035635aa955cc01a4",
            "ipv6_cidr_block": "",
            "ipv6_cidr_block_association_id": "",
            "ipv6_native": false,
            "map_customer_owned_ip_on_launch": false,
            "map_public_ip_on_launch": false,
            "outpost_arn": "",
            "owner_id": "792849899666",
            "private_dns_hostname_type_on_launch": "ip-name",
            "tags": {
              "Name": "caldera-test_private"
            },
            "tags_all": {
              "Name": "caldera-test_private"
            },
            "timeouts": null,
            "vpc_id": "vpc-0f61b1e27a630f170"
          },
          "sensitive_attributes": [],
          "private": "eyJlMmJmYjczMC1lY2FhLTExZTYtOGY4OC0zNDM2M2JjN2M0YzAiOnsiY3JlYXRlIjo2MDAwMDAwMDAwMDAsImRlbGV0ZSI6MTIwMDAwMDAwMDAwMH0sInNjaGVtYV92ZXJzaW9uIjoiMSJ9",
          "dependencies": [
            "module.vpc.aws_vpc.this",
            "module.vpc.aws_vpc_ipv4_cidr_block_association.this"
          ]
        },
        {
          "index_key": 2,
          "schema_version": 1,
          "attributes": {
            "arn": "arn:aws:ec2:us-east-1:792849899666:subnet/subnet-07a07dc4074c26282",
            "assign_ipv6_address_on_creation": false,
            "availability_zone": "us-east-1c",
            "availability_zone_id": "use1-az1",
            "cidr_block": "172.23.64.0/22",
            "customer_owned_ipv4_pool": "",
            "enable_dns64": false,
            "enable_resource_name_dns_a_record_on_launch": false,
            "enable_resource_name_dns_aaaa_record_on_launch": false,
            "id": "subnet-07a07dc4074c26282",
            "ipv6_cidr_block": "",
            "ipv6_cidr_block_association_id": "",
            "ipv6_native": false,
            "map_customer_owned_ip_on_launch": false,
            "map_public_ip_on_launch": false,
            "outpost_arn": "",
            "owner_id": "792849899666",
            "private_dns_hostname_type_on_launch": "ip-name",
            "tags": {
              "Name": "caldera-test_private"
            },
            "tags_all": {
              "Name": "caldera-test_private"
            },
            "timeouts": null,
            "vpc_id": "vpc-0f61b1e27a630f170"
          },
          "sensitive_attributes": [],
          "private": "eyJlMmJmYjczMC1lY2FhLTExZTYtOGY4OC0zNDM2M2JjN2M0YzAiOnsiY3JlYXRlIjo2MDAwMDAwMDAwMDAsImRlbGV0ZSI6MTIwMDAwMDAwMDAwMH0sInNjaGVtYV92ZXJzaW9uIjoiMSJ9",
          "dependencies": [
            "module.vpc.aws_vpc.this",
            "module.vpc.aws_vpc_ipv4_cidr_block_association.this"
          ]
        },
        {
          "index_key": 3,
          "schema_version": 1,
          "attributes": {
            "arn": "arn:aws:ec2:us-east-1:792849899666:subnet/subnet-0d46507bdb2ef8764",
            "assign_ipv6_address_on_creation": false,
            "availability_zone": "us-east-1d",
            "availability_zone_id": "use1-az2",
            "cidr_block": "172.23.96.0/22",
            "customer_owned_ipv4_pool": "",
            "enable_dns64": false,
            "enable_resource_name_dns_a_record_on_launch": false,
            "enable_resource_name_dns_aaaa_record_on_launch": false,
            "id": "subnet-0d46507bdb2ef8764",
            "ipv6_cidr_block": "",
            "ipv6_cidr_block_association_id": "",
            "ipv6_native": false,
            "map_customer_owned_ip_on_launch": false,
            "map_public_ip_on_launch": false,
            "outpost_arn": "",
            "owner_id": "792849899666",
            "private_dns_hostname_type_on_launch": "ip-name",
            "tags": {
              "Name": "caldera-test_private"
            },
            "tags_all": {
              "Name": "caldera-test_private"
            },
            "timeouts": null,
            "vpc_id": "vpc-0f61b1e27a630f170"
          },
          "sensitive_attributes": [],
          "private": "eyJlMmJmYjczMC1lY2FhLTExZTYtOGY4OC0zNDM2M2JjN2M0YzAiOnsiY3JlYXRlIjo2MDAwMDAwMDAwMDAsImRlbGV0ZSI6MTIwMDAwMDAwMDAwMH0sInNjaGVtYV92ZXJzaW9uIjoiMSJ9",
          "dependencies": [
            "module.vpc.aws_vpc.this",
            "module.vpc.aws_vpc_ipv4_cidr_block_association.this"
          ]
        },
        {
          "index_key": 4,
          "schema_version": 1,
          "attributes": {
            "arn": "arn:aws:ec2:us-east-1:792849899666:subnet/subnet-0eebab879242814b1",
            "assign_ipv6_address_on_creation": false,
            "availability_zone": "us-east-1f",
            "availability_zone_id": "use1-az5",
            "cidr_block": "172.23.160.0/22",
            "customer_owned_ipv4_pool": "",
            "enable_dns64": false,
            "enable_resource_name_dns_a_record_on_launch": false,
            "enable_resource_name_dns_aaaa_record_on_launch": false,
            "id": "subnet-0eebab879242814b1",
            "ipv6_cidr_block": "",
            "ipv6_cidr_block_association_id": "",
            "ipv6_native": false,
            "map_customer_owned_ip_on_launch": false,
            "map_public_ip_on_launch": false,
            "outpost_arn": "",
            "owner_id": "792849899666",
            "private_dns_hostname_type_on_launch": "ip-name",
            "tags": {
              "Name": "caldera-test_private"
            },
            "tags_all": {
              "Name": "caldera-test_private"
            },
            "timeouts": null,
            "vpc_id": "vpc-0f61b1e27a630f170"
          },
          "sensitive_attributes": [],
          "private": "eyJlMmJmYjczMC1lY2FhLTExZTYtOGY4OC0zNDM2M2JjN2M0YzAiOnsiY3JlYXRlIjo2MDAwMDAwMDAwMDAsImRlbGV0ZSI6MTIwMDAwMDAwMDAwMH0sInNjaGVtYV92ZXJzaW9uIjoiMSJ9",
          "dependencies": [
            "module.vpc.aws_vpc.this",
            "module.vpc.aws_vpc_ipv4_cidr_block_association.this"
          ]
        }
      ]
    },
    {
      "module": "module.vpc",
      "mode": "managed",
      "type": "aws_subnet",
      "name": "public",
      "provider": "provider[\"registry.terraform.io/hashicorp/aws\"]",
      "instances": [
        {
          "index_key": 0,
          "schema_version": 1,
          "attributes": {
            "arn": "arn:aws:ec2:us-east-1:792849899666:subnet/subnet-03a7462c7e26b4a81",
            "assign_ipv6_address_on_creation": false,
            "availability_zone": "us-east-1a",
            "availability_zone_id": "use1-az4",
            "cidr_block": "172.23.4.0/22",
            "customer_owned_ipv4_pool": "",
            "enable_dns64": false,
            "enable_resource_name_dns_a_record_on_launch": false,
            "enable_resource_name_dns_aaaa_record_on_launch": false,
            "id": "subnet-03a7462c7e26b4a81",
            "ipv6_cidr_block": "",
            "ipv6_cidr_block_association_id": "",
            "ipv6_native": false,
            "map_customer_owned_ip_on_launch": false,
            "map_public_ip_on_launch": true,
            "outpost_arn": "",
            "owner_id": "792849899666",
            "private_dns_hostname_type_on_launch": "ip-name",
            "tags": {
              "Name": "caldera-test_public"
            },
            "tags_all": {
              "Name": "caldera-test_public"
            },
            "timeouts": null,
            "vpc_id": "vpc-0f61b1e27a630f170"
          },
          "sensitive_attributes": [],
          "private": "eyJlMmJmYjczMC1lY2FhLTExZTYtOGY4OC0zNDM2M2JjN2M0YzAiOnsiY3JlYXRlIjo2MDAwMDAwMDAwMDAsImRlbGV0ZSI6MTIwMDAwMDAwMDAwMH0sInNjaGVtYV92ZXJzaW9uIjoiMSJ9",
          "dependencies": [
            "module.vpc.aws_vpc.this",
            "module.vpc.aws_vpc_ipv4_cidr_block_association.this"
          ]
        },
        {
          "index_key": 1,
          "schema_version": 1,
          "attributes": {
            "arn": "arn:aws:ec2:us-east-1:792849899666:subnet/subnet-0af9f71a8642b5ced",
            "assign_ipv6_address_on_creation": false,
            "availability_zone": "us-east-1b",
            "availability_zone_id": "use1-az6",
            "cidr_block": "172.23.36.0/22",
            "customer_owned_ipv4_pool": "",
            "enable_dns64": false,
            "enable_resource_name_dns_a_record_on_launch": false,
            "enable_resource_name_dns_aaaa_record_on_launch": false,
            "id": "subnet-0af9f71a8642b5ced",
            "ipv6_cidr_block": "",
            "ipv6_cidr_block_association_id": "",
            "ipv6_native": false,
            "map_customer_owned_ip_on_launch": false,
            "map_public_ip_on_launch": true,
            "outpost_arn": "",
            "owner_id": "792849899666",
            "private_dns_hostname_type_on_launch": "ip-name",
            "tags": {
              "Name": "caldera-test_public"
            },
            "tags_all": {
              "Name": "caldera-test_public"
            },
            "timeouts": null,
            "vpc_id": "vpc-0f61b1e27a630f170"
          },
          "sensitive_attributes": [],
          "private": "eyJlMmJmYjczMC1lY2FhLTExZTYtOGY4OC0zNDM2M2JjN2M0YzAiOnsiY3JlYXRlIjo2MDAwMDAwMDAwMDAsImRlbGV0ZSI6MTIwMDAwMDAwMDAwMH0sInNjaGVtYV92ZXJzaW9uIjoiMSJ9",
          "dependencies": [
            "module.vpc.aws_vpc.this",
            "module.vpc.aws_vpc_ipv4_cidr_block_association.this"
          ]
        },
        {
          "index_key": 2,
          "schema_version": 1,
          "attributes": {
            "arn": "arn:aws:ec2:us-east-1:792849899666:subnet/subnet-09fdf0b4cddfe3f45",
            "assign_ipv6_address_on_creation": false,
            "availability_zone": "us-east-1c",
            "availability_zone_id": "use1-az1",
            "cidr_block": "172.23.68.0/22",
            "customer_owned_ipv4_pool": "",
            "enable_dns64": false,
            "enable_resource_name_dns_a_record_on_launch": false,
            "enable_resource_name_dns_aaaa_record_on_launch": false,
            "id": "subnet-09fdf0b4cddfe3f45",
            "ipv6_cidr_block": "",
            "ipv6_cidr_block_association_id": "",
            "ipv6_native": false,
            "map_customer_owned_ip_on_launch": false,
            "map_public_ip_on_launch": true,
            "outpost_arn": "",
            "owner_id": "792849899666",
            "private_dns_hostname_type_on_launch": "ip-name",
            "tags": {
              "Name": "caldera-test_public"
            },
            "tags_all": {
              "Name": "caldera-test_public"
            },
            "timeouts": null,
            "vpc_id": "vpc-0f61b1e27a630f170"
          },
          "sensitive_attributes": [],
          "private": "eyJlMmJmYjczMC1lY2FhLTExZTYtOGY4OC0zNDM2M2JjN2M0YzAiOnsiY3JlYXRlIjo2MDAwMDAwMDAwMDAsImRlbGV0ZSI6MTIwMDAwMDAwMDAwMH0sInNjaGVtYV92ZXJzaW9uIjoiMSJ9",
          "dependencies": [
            "module.vpc.aws_vpc.this",
            "module.vpc.aws_vpc_ipv4_cidr_block_association.this"
          ]
        },
        {
          "index_key": 3,
          "schema_version": 1,
          "attributes": {
            "arn": "arn:aws:ec2:us-east-1:792849899666:subnet/subnet-09e4b6e3c13d40f5a",
            "assign_ipv6_address_on_creation": false,
            "availability_zone": "us-east-1d",
            "availability_zone_id": "use1-az2",
            "cidr_block": "172.23.100.0/22",
            "customer_owned_ipv4_pool": "",
            "enable_dns64": false,
            "enable_resource_name_dns_a_record_on_launch": false,
            "enable_resource_name_dns_aaaa_record_on_launch": false,
            "id": "subnet-09e4b6e3c13d40f5a",
            "ipv6_cidr_block": "",
            "ipv6_cidr_block_association_id": "",
            "ipv6_native": false,
            "map_customer_owned_ip_on_launch": false,
            "map_public_ip_on_launch": true,
            "outpost_arn": "",
            "owner_id": "792849899666",
            "private_dns_hostname_type_on_launch": "ip-name",
            "tags": {
              "Name": "caldera-test_public"
            },
            "tags_all": {
              "Name": "caldera-test_public"
            },
            "timeouts": null,
            "vpc_id": "vpc-0f61b1e27a630f170"
          },
          "sensitive_attributes": [],
          "private": "eyJlMmJmYjczMC1lY2FhLTExZTYtOGY4OC0zNDM2M2JjN2M0YzAiOnsiY3JlYXRlIjo2MDAwMDAwMDAwMDAsImRlbGV0ZSI6MTIwMDAwMDAwMDAwMH0sInNjaGVtYV92ZXJzaW9uIjoiMSJ9",
          "dependencies": [
            "module.vpc.aws_vpc.this",
            "module.vpc.aws_vpc_ipv4_cidr_block_association.this"
          ]
        },
        {
          "index_key": 4,
          "schema_version": 1,
          "attributes": {
            "arn": "arn:aws:ec2:us-east-1:792849899666:subnet/subnet-0a80342e7b61e5967",
            "assign_ipv6_address_on_creation": false,
            "availability_zone": "us-east-1f",
            "availability_zone_id": "use1-az5",
            "cidr_block": "172.23.164.0/22",
            "customer_owned_ipv4_pool": "",
            "enable_dns64": false,
            "enable_resource_name_dns_a_record_on_launch": false,
            "enable_resource_name_dns_aaaa_record_on_launch": false,
            "id": "subnet-0a80342e7b61e5967",
            "ipv6_cidr_block": "",
            "ipv6_cidr_block_association_id": "",
            "ipv6_native": false,
            "map_customer_owned_ip_on_launch": false,
            "map_public_ip_on_launch": true,
            "outpost_arn": "",
            "owner_id": "792849899666",
            "private_dns_hostname_type_on_launch": "ip-name",
            "tags": {
              "Name": "caldera-test_public"
            },
            "tags_all": {
              "Name": "caldera-test_public"
            },
            "timeouts": null,
            "vpc_id": "vpc-0f61b1e27a630f170"
          },
          "sensitive_attributes": [],
          "private": "eyJlMmJmYjczMC1lY2FhLTExZTYtOGY4OC0zNDM2M2JjN2M0YzAiOnsiY3JlYXRlIjo2MDAwMDAwMDAwMDAsImRlbGV0ZSI6MTIwMDAwMDAwMDAwMH0sInNjaGVtYV92ZXJzaW9uIjoiMSJ9",
          "dependencies": [
            "module.vpc.aws_vpc.this",
            "module.vpc.aws_vpc_ipv4_cidr_block_association.this"
          ]
        }
      ]
    },
    {
      "module": "module.vpc",
      "mode": "managed",
      "type": "aws_vpc",
      "name": "this",
      "provider": "provider[\"registry.terraform.io/hashicorp/aws\"]",
      "instances": [
        {
          "index_key": 0,
          "schema_version": 1,
          "attributes": {
            "arn": "arn:aws:ec2:us-east-1:792849899666:vpc/vpc-0f61b1e27a630f170",
            "assign_generated_ipv6_cidr_block": false,
            "cidr_block": "172.23.0.0/16",
            "default_network_acl_id": "acl-0959c284fff8d036b",
            "default_route_table_id": "rtb-0eed25a3604adb464",
            "default_security_group_id": "sg-09834c24bbf857e3f",
            "dhcp_options_id": "dopt-0b64b1f0be85859f4",
            "enable_classiclink": false,
            "enable_classiclink_dns_support": false,
            "enable_dns_hostnames": true,
            "enable_dns_support": true,
            "id": "vpc-0f61b1e27a630f170",
            "instance_tenancy": "default",
            "ipv4_ipam_pool_id": null,
            "ipv4_netmask_length": null,
            "ipv6_association_id": "",
            "ipv6_cidr_block": "",
            "ipv6_cidr_block_network_border_group": "",
            "ipv6_ipam_pool_id": "",
            "ipv6_netmask_length": 0,
            "main_route_table_id": "rtb-0eed25a3604adb464",
            "owner_id": "792849899666",
            "tags": {
              "Name": "VPC"
            },
            "tags_all": {
              "Name": "VPC"
            }
          },
          "sensitive_attributes": [],
          "private": "eyJzY2hlbWFfdmVyc2lvbiI6IjEifQ=="
        }
      ]
    }
  ]
}
