{
  "version": 4,
  "terraform_version": "1.2.4",
  "serial": 34,
  "lineage": "2433691b-5789-41c5-0b74-413c6fd4884a",
  "outputs": {
    "caldera_server_ip": {
      "value": "3.235.87.123",
      "type": "string"
    },
    "rsa_private_key": {
      "value": "-----BEGIN RSA PRIVATE KEY-----\nMIIJKQIBAAKCAgEAmteTOqPcQ1c0sIR/lpM1WxtB2o6ls38Wo+RucyuyL598c7GD\nN+jlChHornvh6OiW1Xy0/+jVPuqqRoMolFAovxtLSGPL1qVfSqm6+cGJjAlpH7UA\nZ+HhbUW/aa3VLC7whkKyHilsh66VLkD5HePS14GU12qPdZJgBUh7LcQ6m29lAYJH\niEct3QBJOZ2RbJY7k7f+MJ/OkVdd75G3iSUudzWwrpA1qCj12cBd33hxy05QdeRo\neLuske4xWNA9DBmVM2O5m6kab94o2IQLGUXl1VBoHzuXsjlZvMaBX4xthxtGtvr3\nZcY+4WYKxFntnAJR2suc/PGgQYa8cithKaFPBzjSRTes7PUhCSdSibwxQihoWDBQ\nLLA57wkRyfxtIbca4KUTOsnpYjWq6Wj4Dn5lhsLzLHLZnQXB6MfI8HLUo6KvG2KI\nhvbCv2Xh8aYwpWPvBpH+7OSwYz7f7/sJqHkS2NgLGKNRnWj7igN9OUAISvs+3ugD\ns8koy4UBxymycBQVJu1V7fITQGar1d73nEfKbWpHuj/ttJFlPHzDe0HBgIZgIyGl\n5ImKKn7HCR8+SV6KcxgMP7pwMFkyf2p6CMduruVRfvzuPgk/IaLplQjVQQo1iCks\nJwUMGMmfokQ0ABnyRPPfLf7fXZ/WJJPO8bBpNMcDNV7WEWvAtytheY7PQt0CAwEA\nAQKCAgEAieUJ3OMouV/kMH8PEQ2wKp6vmvAGaT/47aP1KOP1H6wsrOudLCFgOAOS\n8DCrEzxvd1hD6NN1dT6OvZT4gnyQjQDFnoYhddp4bomRVfMhh3CqCe6rmdfzZdkD\nih2hBmQXF7o13d6OJJc5i6OZNyE5F2rzHpRrhg0BLjNKX4utldcyYJGhGqApG/Ox\nQnoslEOGcxscaDkpQQ5JPZzLkntmUguieRM8dbFkoLNL5kPhM2lfBl6PG1YnbR5v\nG+T3ONtfoBBjr1h9jrqOLaQKLkutTrb4wzfS9IlWfWNau7jXocaMx0/hGuXeAeVa\nGVrs3E7EjtFd0XVtfm17TUGMmgJp2WXaylZebG6/bDSKvExbcezH1UVpJwIjnvAu\nKFx7ekoSnuNa8I4LlQvxZydyKDgRLdzFl4ln3R3lrMF2PVc6u2LqW07poUcMfkcr\n7sFB9vADXiBk+LK7lnRcFZ7c2sEHPIL3isic/BbH8oP8t6EansnsO8NDGpFqluuT\n9wuTlgFGE2yXFdJC3Cl5LcVgHJRCPTMaxUT9KtflcCGL/x9KyenLu/3xo+BnG9p/\nR5mtZfoQQoDNDThUBaRrzgV/dOm2reQRZyRd/YG3MHzH8QQXgMGEEGLpvlFT5oUH\nHvdDaPnQEBwIPwYSfwlEqersU+eFPYGsHSq6B0Epyd87Yr5CxBECggEBAMD6YfXa\n5cQ/oYgaSxTFkRUEbnU8pqJ0A+IEO5IVV3jnDsJT9GJNXle0Y+dBx+lbccXuf/5L\ntqu1/bfLaiTVu9uez0lSUHJk+GKm8VHIMm/Ldx9z9z6ARAMparyt3i2o/MAB0aa5\ndooyk+43KClBmrIiigMBpeZTR0sQdlrayxFgRKHDqlsKLzcQp/AW7aVB+ogCrV7p\nXmeMkRSSdig8xhllgvgehTEh71QPaCwLvXkp87xy+HzlXRY6zUuPC+FomBy52n5+\nxEFxylSjrHxYFebdca26nClNxgEkSz5ZZTUHxVaDzLbCjPbbWYy8rgO9d+Uriy45\nfvqC6Tf9gzYkRm8CggEBAM1o5ZXknRLBmaSg08GC5NCtHpsrMKpDd1+hh2u/SzFA\nC2hGTV2kqzbD7O5c4pVHZL1ZgK9MPDEngUT/lSitU7CmphBh6rgrS1/A4ROlYdar\nrt8mlFh2TAsnlvf9877MdMvj84YvCUpRizvkzHHXua/20Bkjrhr0o9VBpJruuhiR\nPzPAbprE/8weqln7ZQydmgneevCxCIoY62F4nk5okCg2ckrFABESyRlwcG8Gr3HV\nOOjkHdzzhoj7ymW9qI3lj+uQEQmUk0ZVhCIuMndKz3pqqOH3r8J8gzQUFldgGrjf\nk7iM3HkS/CfC99/mooqTZff+p6+ftDPdPZ7e0lqt0XMCggEAdGPPR4BRyi5yl2r8\nU7fhDCMTF+SPwDVmzh+taiszCbmaHjySjeOJ/i3Pf4AeObGsiiuRyOcTcrceIocu\nKq86UXiUHu3llUkuwhlcPO4Y9XJrE25W9bxYyOtm9AuNkE52urueHgeH5kwhCrD7\nqP5ndf787FlHHQanXi+8oomJpp5AZqxjh+s5lOWX1GePx3dmyjeLJ05rYNrX+edo\nGlalSFYASvPlcz+7YCC2vLIMAhL6bXOOSY3wueKXRXYuPTJfZBv4GwkMB0jBNpFN\nC+X4t7hhwt1lKEg/HxsrwpwaPYTFUavGgYgPiye69/YoohrZQEAl/qgw3JiuXtWp\nGLOCQwKCAQEAyIEwOhSiToC0XUKv8SC4Ago66fRK2Khqieq+qapc14JQoESfmFz4\n08iEKlh4xIagC0SmnHap+sE5KgThsIcgPjsttqgd2hBIzvsTuX2h9042sJSUEZXH\nvMu0TfaSSxiAmdW1DLI1O1pFsv0vo6CUHPOrRh7SAHX0xmIBL0sAVKLTMs0QKftK\nRhFY7+S5Sos8pY2KLBBi6YpRmR+IR7lBnj8naVzLJ99SdYaP+ZBpCZC8sHibveXo\n2SYO9ykeswP2bFaAiv2AlRM8m7DEijV4OWKL36dK5WltGRTSig/BhdyX8XlubLDf\nemCSXPhgiSxASMdHH+Ogn0/CqqWOZ/1riQKCAQAiRl2IgzSEjPP/8JiDfhZWxmrl\nAPQtS0oguvX1j6ct5Ub/Kh+cesrd9G4kF9BivsUJFjl0Pep45QHOYgul5EvmM1oz\nwkvL3Ey1cTq8rjjiusqlNEvGpJe7O7vbjLp9wZhgWhZbvjC9fC52X8zbOx2e/By6\n8Q5II0zZP/pXUILtWT304FmtTJ/O+DuD1jK0bmJm9kwpgSGXykU4UNBXBtEiy2FF\nlEbliMI/MyRIeP4XyZm5S+WC+8PJ9gsDkbf6K/FGF8ykvsUIFN/Kd+45F4FhGBtd\n1MgVj62FlFUcSSpUiYHrGVCHSqWmmW+lMq458Mg+lVqsGvQ0s5Vpdx48UAPe\n-----END RSA PRIVATE KEY-----\n",
      "type": "string"
    }
  },
  "resources": [
    {
      "mode": "managed",
      "type": "aws_instance",
      "name": "caldera_server",
      "provider": "provider[\"registry.terraform.io/hashicorp/aws\"]",
      "instances": [
        {
          "schema_version": 1,
          "attributes": {
            "ami": "ami-09d56f8956ab235b3",
            "arn": "arn:aws:ec2:us-east-1:904236996256:instance/i-03977276b6f7174a0",
            "associate_public_ip_address": true,
            "availability_zone": "us-east-1a",
            "capacity_reservation_specification": [
              {
                "capacity_reservation_preference": "open",
                "capacity_reservation_target": []
              }
            ],
            "cpu_core_count": 1,
            "cpu_threads_per_core": 2,
            "credit_specification": [
              {
                "cpu_credits": "unlimited"
              }
            ],
            "disable_api_stop": false,
            "disable_api_termination": false,
            "ebs_block_device": [],
            "ebs_optimized": false,
            "enclave_options": [
              {
                "enabled": false
              }
            ],
            "ephemeral_block_device": [],
            "get_password_data": false,
            "hibernation": false,
            "host_id": null,
            "iam_instance_profile": "",
            "id": "i-03977276b6f7174a0",
            "instance_initiated_shutdown_behavior": "stop",
            "instance_state": "running",
            "instance_type": "t3.medium",
            "ipv6_address_count": 0,
            "ipv6_addresses": [],
            "key_name": "caldera-nodes",
            "launch_template": [],
            "maintenance_options": [
              {
                "auto_recovery": "default"
              }
            ],
            "metadata_options": [
              {
                "http_endpoint": "enabled",
                "http_put_response_hop_limit": 1,
                "http_tokens": "optional",
                "instance_metadata_tags": "disabled"
              }
            ],
            "monitoring": false,
            "network_interface": [],
            "outpost_arn": "",
            "password_data": "",
            "placement_group": "",
            "placement_partition_number": null,
            "primary_network_interface_id": "eni-082cd6d879d700ca5",
            "private_dns": "ip-172-23-6-95.ec2.internal",
            "private_dns_name_options": [
              {
                "enable_resource_name_dns_a_record": false,
                "enable_resource_name_dns_aaaa_record": false,
                "hostname_type": "ip-name"
              }
            ],
            "private_ip": "172.23.6.95",
            "public_dns": "ec2-3-235-87-123.compute-1.amazonaws.com",
            "public_ip": "3.235.87.123",
            "root_block_device": [
              {
                "delete_on_termination": true,
                "device_name": "/dev/sda1",
                "encrypted": false,
                "iops": 100,
                "kms_key_id": "",
                "tags": {},
                "throughput": 0,
                "volume_id": "vol-0a9885e587b96984d",
                "volume_size": 8,
                "volume_type": "gp2"
              }
            ],
            "secondary_private_ips": [],
            "security_groups": [],
            "source_dest_check": true,
            "subnet_id": "subnet-073377a9f652a36bf",
            "tags": {
              "Name": "caldera_server",
              "environment": "caldera-test"
            },
            "tags_all": {
              "Name": "caldera_server",
              "environment": "caldera-test"
            },
            "tenancy": "default",
            "timeouts": null,
            "user_data": null,
            "user_data_base64": null,
            "user_data_replace_on_change": false,
            "volume_tags": null,
            "vpc_security_group_ids": [
              "sg-0ce2147be0378bbd8"
            ]
          },
          "sensitive_attributes": [],
          "private": "eyJlMmJmYjczMC1lY2FhLTExZTYtOGY4OC0zNDM2M2JjN2M0YzAiOnsiY3JlYXRlIjo2MDAwMDAwMDAwMDAsImRlbGV0ZSI6MTIwMDAwMDAwMDAwMCwidXBkYXRlIjo2MDAwMDAwMDAwMDB9LCJzY2hlbWFfdmVyc2lvbiI6IjEifQ==",
          "dependencies": [
            "aws_security_group.sg_caldera_server",
            "module.aws_rsa_key.aws_key_pair.worker",
            "module.aws_rsa_key.local_file.ssh_local",
            "module.aws_rsa_key.tls_private_key.ssh_key",
            "module.vpc.aws_cloudwatch_log_group.flow_log",
            "module.vpc.aws_customer_gateway.this",
            "module.vpc.aws_db_subnet_group.database",
            "module.vpc.aws_default_network_acl.this",
            "module.vpc.aws_default_route_table.default",
            "module.vpc.aws_default_security_group.this",
            "module.vpc.aws_default_vpc.this",
            "module.vpc.aws_egress_only_internet_gateway.this",
            "module.vpc.aws_eip.nat",
            "module.vpc.aws_elasticache_subnet_group.elasticache",
            "module.vpc.aws_flow_log.this",
            "module.vpc.aws_iam_policy.vpc_flow_log_cloudwatch",
            "module.vpc.aws_iam_role.vpc_flow_log_cloudwatch",
            "module.vpc.aws_iam_role_policy_attachment.vpc_flow_log_cloudwatch",
            "module.vpc.aws_internet_gateway.this",
            "module.vpc.aws_nat_gateway.this",
            "module.vpc.aws_network_acl.database",
            "module.vpc.aws_network_acl.elasticache",
            "module.vpc.aws_network_acl.intra",
            "module.vpc.aws_network_acl.outpost",
            "module.vpc.aws_network_acl.private",
            "module.vpc.aws_network_acl.public",
            "module.vpc.aws_network_acl.redshift",
            "module.vpc.aws_network_acl_rule.database_inbound",
            "module.vpc.aws_network_acl_rule.database_outbound",
            "module.vpc.aws_network_acl_rule.elasticache_inbound",
            "module.vpc.aws_network_acl_rule.elasticache_outbound",
            "module.vpc.aws_network_acl_rule.intra_inbound",
            "module.vpc.aws_network_acl_rule.intra_outbound",
            "module.vpc.aws_network_acl_rule.outpost_inbound",
            "module.vpc.aws_network_acl_rule.outpost_outbound",
            "module.vpc.aws_network_acl_rule.private_inbound",
            "module.vpc.aws_network_acl_rule.private_outbound",
            "module.vpc.aws_network_acl_rule.public_inbound",
            "module.vpc.aws_network_acl_rule.public_outbound",
            "module.vpc.aws_network_acl_rule.redshift_inbound",
            "module.vpc.aws_network_acl_rule.redshift_outbound",
            "module.vpc.aws_redshift_subnet_group.redshift",
            "module.vpc.aws_route.database_internet_gateway",
            "module.vpc.aws_route.database_ipv6_egress",
            "module.vpc.aws_route.database_nat_gateway",
            "module.vpc.aws_route.private_ipv6_egress",
            "module.vpc.aws_route.private_nat_gateway",
            "module.vpc.aws_route.public_internet_gateway",
            "module.vpc.aws_route.public_internet_gateway_ipv6",
            "module.vpc.aws_route_table.database",
            "module.vpc.aws_route_table.elasticache",
            "module.vpc.aws_route_table.intra",
            "module.vpc.aws_route_table.private",
            "module.vpc.aws_route_table.public",
            "module.vpc.aws_route_table.redshift",
            "module.vpc.aws_route_table_association.database",
            "module.vpc.aws_route_table_association.elasticache",
            "module.vpc.aws_route_table_association.intra",
            "module.vpc.aws_route_table_association.outpost",
            "module.vpc.aws_route_table_association.private",
            "module.vpc.aws_route_table_association.public",
            "module.vpc.aws_route_table_association.redshift",
            "module.vpc.aws_route_table_association.redshift_public",
            "module.vpc.aws_subnet.database",
            "module.vpc.aws_subnet.elasticache",
            "module.vpc.aws_subnet.intra",
            "module.vpc.aws_subnet.outpost",
            "module.vpc.aws_subnet.private",
            "module.vpc.aws_subnet.public",
            "module.vpc.aws_subnet.redshift",
            "module.vpc.aws_vpc.this",
            "module.vpc.aws_vpc_dhcp_options.this",
            "module.vpc.aws_vpc_dhcp_options_association.this",
            "module.vpc.aws_vpc_ipv4_cidr_block_association.this",
            "module.vpc.aws_vpn_gateway.this",
            "module.vpc.aws_vpn_gateway_attachment.this",
            "module.vpc.aws_vpn_gateway_route_propagation.intra",
            "module.vpc.aws_vpn_gateway_route_propagation.private",
            "module.vpc.aws_vpn_gateway_route_propagation.public",
            "module.vpc.data.aws_iam_policy_document.flow_log_cloudwatch_assume_role",
            "module.vpc.data.aws_iam_policy_document.vpc_flow_log_cloudwatch"
          ]
        }
      ]
    },
    {
      "mode": "managed",
      "type": "aws_security_group",
      "name": "sg_caldera_server",
      "provider": "provider[\"registry.terraform.io/hashicorp/aws\"]",
      "instances": [
        {
          "schema_version": 1,
          "attributes": {
            "arn": "arn:aws:ec2:us-east-1:904236996256:security-group/sg-0ce2147be0378bbd8",
            "description": "Allow ports for caldera server",
            "egress": [
              {
                "cidr_blocks": [
                  "0.0.0.0/0"
                ],
                "description": "",
                "from_port": 0,
                "ipv6_cidr_blocks": [],
                "prefix_list_ids": [],
                "protocol": "-1",
                "security_groups": [],
                "self": false,
                "to_port": 0
              }
            ],
            "id": "sg-0ce2147be0378bbd8",
            "ingress": [
              {
                "cidr_blocks": [
                  "0.0.0.0/0"
                ],
                "description": "Caldera server port",
                "from_port": 2288,
                "ipv6_cidr_blocks": [],
                "prefix_list_ids": [],
                "protocol": "tcp",
                "security_groups": [],
                "self": false,
                "to_port": 2288
              },
              {
                "cidr_blocks": [
                  "0.0.0.0/0"
                ],
                "description": "SSH from VPC",
                "from_port": 22,
                "ipv6_cidr_blocks": [],
                "prefix_list_ids": [],
                "protocol": "tcp",
                "security_groups": [],
                "self": false,
                "to_port": 22
              }
            ],
            "name": "sg_caldera_server",
            "name_prefix": "",
            "owner_id": "904236996256",
            "revoke_rules_on_delete": false,
            "tags": {
              "environment": "caldera-test"
            },
            "tags_all": {
              "environment": "caldera-test"
            },
            "timeouts": null,
            "vpc_id": "vpc-0c72b8cd1339d1b10"
          },
          "sensitive_attributes": [],
          "private": "eyJlMmJmYjczMC1lY2FhLTExZTYtOGY4OC0zNDM2M2JjN2M0YzAiOnsiY3JlYXRlIjo2MDAwMDAwMDAwMDAsImRlbGV0ZSI6OTAwMDAwMDAwMDAwfSwic2NoZW1hX3ZlcnNpb24iOiIxIn0=",
          "dependencies": [
            "module.vpc.aws_vpc.this"
          ]
        }
      ]
    },
    {
      "module": "module.aws_rsa_key",
      "mode": "managed",
      "type": "aws_key_pair",
      "name": "worker",
      "provider": "provider[\"registry.terraform.io/hashicorp/aws\"]",
      "instances": [
        {
          "schema_version": 1,
          "attributes": {
            "arn": "arn:aws:ec2:us-east-1:904236996256:key-pair/caldera-nodes",
            "fingerprint": "b7:34:9d:e3:62:48:ca:f8:ef:27:19:05:04:21:3b:12",
            "id": "caldera-nodes",
            "key_name": "caldera-nodes",
            "key_name_prefix": "",
            "key_pair_id": "key-02d4557af1ea1eee9",
            "key_type": "rsa",
            "public_key": "ssh-rsa AAAAB3NzaC1yc2EAAAADAQABAAACAQCa15M6o9xDVzSwhH+WkzVbG0HajqWzfxaj5G5zK7Ivn3xzsYM36OUKEeiue+Ho6JbVfLT/6NU+6qpGgyiUUCi/G0tIY8vWpV9Kqbr5wYmMCWkftQBn4eFtRb9prdUsLvCGQrIeKWyHrpUuQPkd49LXgZTXao91kmAFSHstxDqbb2UBgkeIRy3dAEk5nZFsljuTt/4wn86RV13vkbeJJS53NbCukDWoKPXZwF3feHHLTlB15Gh4u6yR7jFY0D0MGZUzY7mbqRpv3ijYhAsZReXVUGgfO5eyOVm8xoFfjG2HG0a2+vdlxj7hZgrEWe2cAlHay5z88aBBhrxyK2EpoU8HONJFN6zs9SEJJ1KJvDFCKGhYMFAssDnvCRHJ/G0htxrgpRM6yeliNarpaPgOfmWGwvMsctmdBcHox8jwctSjoq8bYoiG9sK/ZeHxpjClY+8Gkf7s5LBjPt/v+wmoeRLY2AsYo1GdaPuKA305QAhK+z7e6AOzySjLhQHHKbJwFBUm7VXt8hNAZqvV3vecR8ptake6P+20kWU8fMN7QcGAhmAjIaXkiYoqfscJHz5JXopzGAw/unAwWTJ/anoIx26u5VF+/O4+CT8houmVCNVBCjWIKSwnBQwYyZ+iRDQAGfJE898t/t9dn9Ykk87xsGk0xwM1XtYRa8C3K2F5js9C3Q==",
            "tags": {},
            "tags_all": {}
          },
          "sensitive_attributes": [],
          "private": "eyJzY2hlbWFfdmVyc2lvbiI6IjEifQ==",
          "dependencies": [
            "module.aws_rsa_key.tls_private_key.ssh_key",
            "module.vpc.aws_cloudwatch_log_group.flow_log",
            "module.vpc.aws_customer_gateway.this",
            "module.vpc.aws_db_subnet_group.database",
            "module.vpc.aws_default_network_acl.this",
            "module.vpc.aws_default_route_table.default",
            "module.vpc.aws_default_security_group.this",
            "module.vpc.aws_default_vpc.this",
            "module.vpc.aws_egress_only_internet_gateway.this",
            "module.vpc.aws_eip.nat",
            "module.vpc.aws_elasticache_subnet_group.elasticache",
            "module.vpc.aws_flow_log.this",
            "module.vpc.aws_iam_policy.vpc_flow_log_cloudwatch",
            "module.vpc.aws_iam_role.vpc_flow_log_cloudwatch",
            "module.vpc.aws_iam_role_policy_attachment.vpc_flow_log_cloudwatch",
            "module.vpc.aws_internet_gateway.this",
            "module.vpc.aws_nat_gateway.this",
            "module.vpc.aws_network_acl.database",
            "module.vpc.aws_network_acl.elasticache",
            "module.vpc.aws_network_acl.intra",
            "module.vpc.aws_network_acl.outpost",
            "module.vpc.aws_network_acl.private",
            "module.vpc.aws_network_acl.public",
            "module.vpc.aws_network_acl.redshift",
            "module.vpc.aws_network_acl_rule.database_inbound",
            "module.vpc.aws_network_acl_rule.database_outbound",
            "module.vpc.aws_network_acl_rule.elasticache_inbound",
            "module.vpc.aws_network_acl_rule.elasticache_outbound",
            "module.vpc.aws_network_acl_rule.intra_inbound",
            "module.vpc.aws_network_acl_rule.intra_outbound",
            "module.vpc.aws_network_acl_rule.outpost_inbound",
            "module.vpc.aws_network_acl_rule.outpost_outbound",
            "module.vpc.aws_network_acl_rule.private_inbound",
            "module.vpc.aws_network_acl_rule.private_outbound",
            "module.vpc.aws_network_acl_rule.public_inbound",
            "module.vpc.aws_network_acl_rule.public_outbound",
            "module.vpc.aws_network_acl_rule.redshift_inbound",
            "module.vpc.aws_network_acl_rule.redshift_outbound",
            "module.vpc.aws_redshift_subnet_group.redshift",
            "module.vpc.aws_route.database_internet_gateway",
            "module.vpc.aws_route.database_ipv6_egress",
            "module.vpc.aws_route.database_nat_gateway",
            "module.vpc.aws_route.private_ipv6_egress",
            "module.vpc.aws_route.private_nat_gateway",
            "module.vpc.aws_route.public_internet_gateway",
            "module.vpc.aws_route.public_internet_gateway_ipv6",
            "module.vpc.aws_route_table.database",
            "module.vpc.aws_route_table.elasticache",
            "module.vpc.aws_route_table.intra",
            "module.vpc.aws_route_table.private",
            "module.vpc.aws_route_table.public",
            "module.vpc.aws_route_table.redshift",
            "module.vpc.aws_route_table_association.database",
            "module.vpc.aws_route_table_association.elasticache",
            "module.vpc.aws_route_table_association.intra",
            "module.vpc.aws_route_table_association.outpost",
            "module.vpc.aws_route_table_association.private",
            "module.vpc.aws_route_table_association.public",
            "module.vpc.aws_route_table_association.redshift",
            "module.vpc.aws_route_table_association.redshift_public",
            "module.vpc.aws_subnet.database",
            "module.vpc.aws_subnet.elasticache",
            "module.vpc.aws_subnet.intra",
            "module.vpc.aws_subnet.outpost",
            "module.vpc.aws_subnet.private",
            "module.vpc.aws_subnet.public",
            "module.vpc.aws_subnet.redshift",
            "module.vpc.aws_vpc.this",
            "module.vpc.aws_vpc_dhcp_options.this",
            "module.vpc.aws_vpc_dhcp_options_association.this",
            "module.vpc.aws_vpc_ipv4_cidr_block_association.this",
            "module.vpc.aws_vpn_gateway.this",
            "module.vpc.aws_vpn_gateway_attachment.this",
            "module.vpc.aws_vpn_gateway_route_propagation.intra",
            "module.vpc.aws_vpn_gateway_route_propagation.private",
            "module.vpc.aws_vpn_gateway_route_propagation.public",
            "module.vpc.data.aws_iam_policy_document.flow_log_cloudwatch_assume_role",
            "module.vpc.data.aws_iam_policy_document.vpc_flow_log_cloudwatch"
          ]
        }
      ]
    },
    {
      "module": "module.aws_rsa_key",
      "mode": "managed",
      "type": "tls_private_key",
      "name": "ssh_key",
      "provider": "provider[\"registry.terraform.io/hashicorp/tls\"]",
      "instances": [
        {
          "schema_version": 0,
          "attributes": {
            "algorithm": "RSA",
            "ecdsa_curve": "P224",
            "id": "289e151b16a6b5a3392906cc9bb3d2deb0199b05",
            "private_key_openssh": "-----BEGIN OPENSSH PRIVATE KEY-----\nb3BlbnNzaC1rZXktdjEAAAAABG5vbmUAAAAEbm9uZQAAAAAAAAABAAACFwAAAAdz\nc2gtcnNhAAAAAwEAAQAAAgEAmteTOqPcQ1c0sIR/lpM1WxtB2o6ls38Wo+Rucyuy\nL598c7GDN+jlChHornvh6OiW1Xy0/+jVPuqqRoMolFAovxtLSGPL1qVfSqm6+cGJ\njAlpH7UAZ+HhbUW/aa3VLC7whkKyHilsh66VLkD5HePS14GU12qPdZJgBUh7LcQ6\nm29lAYJHiEct3QBJOZ2RbJY7k7f+MJ/OkVdd75G3iSUudzWwrpA1qCj12cBd33hx\ny05QdeRoeLuske4xWNA9DBmVM2O5m6kab94o2IQLGUXl1VBoHzuXsjlZvMaBX4xt\nhxtGtvr3ZcY+4WYKxFntnAJR2suc/PGgQYa8cithKaFPBzjSRTes7PUhCSdSibwx\nQihoWDBQLLA57wkRyfxtIbca4KUTOsnpYjWq6Wj4Dn5lhsLzLHLZnQXB6MfI8HLU\no6KvG2KIhvbCv2Xh8aYwpWPvBpH+7OSwYz7f7/sJqHkS2NgLGKNRnWj7igN9OUAI\nSvs+3ugDs8koy4UBxymycBQVJu1V7fITQGar1d73nEfKbWpHuj/ttJFlPHzDe0HB\ngIZgIyGl5ImKKn7HCR8+SV6KcxgMP7pwMFkyf2p6CMduruVRfvzuPgk/IaLplQjV\nQQo1iCksJwUMGMmfokQ0ABnyRPPfLf7fXZ/WJJPO8bBpNMcDNV7WEWvAtytheY7P\nQt0AAAc4x+xkaMfsZGgAAAAHc3NoLXJzYQAAAgEAmteTOqPcQ1c0sIR/lpM1WxtB\n2o6ls38Wo+RucyuyL598c7GDN+jlChHornvh6OiW1Xy0/+jVPuqqRoMolFAovxtL\nSGPL1qVfSqm6+cGJjAlpH7UAZ+HhbUW/aa3VLC7whkKyHilsh66VLkD5HePS14GU\n12qPdZJgBUh7LcQ6m29lAYJHiEct3QBJOZ2RbJY7k7f+MJ/OkVdd75G3iSUudzWw\nrpA1qCj12cBd33hxy05QdeRoeLuske4xWNA9DBmVM2O5m6kab94o2IQLGUXl1VBo\nHzuXsjlZvMaBX4xthxtGtvr3ZcY+4WYKxFntnAJR2suc/PGgQYa8cithKaFPBzjS\nRTes7PUhCSdSibwxQihoWDBQLLA57wkRyfxtIbca4KUTOsnpYjWq6Wj4Dn5lhsLz\nLHLZnQXB6MfI8HLUo6KvG2KIhvbCv2Xh8aYwpWPvBpH+7OSwYz7f7/sJqHkS2NgL\nGKNRnWj7igN9OUAISvs+3ugDs8koy4UBxymycBQVJu1V7fITQGar1d73nEfKbWpH\nuj/ttJFlPHzDe0HBgIZgIyGl5ImKKn7HCR8+SV6KcxgMP7pwMFkyf2p6CMduruVR\nfvzuPgk/IaLplQjVQQo1iCksJwUMGMmfokQ0ABnyRPPfLf7fXZ/WJJPO8bBpNMcD\nNV7WEWvAtytheY7PQt0AAAADAQABAAACAQCJ5Qnc4yi5X+Qwfw8RDbAqnq+a8AZp\nP/jto/Uo4/UfrCys650sIWA4A5LwMKsTPG93WEPo03V1Po69lPiCfJCNAMWehiF1\n2nhuiZFV8yGHcKoJ7quZ1/Nl2QOKHaEGZBcXujXd3o4klzmLo5k3ITkXavMelGuG\nDQEuM0pfi62V1zJgkaEaoCkb87FCeiyUQ4ZzGxxoOSlBDkk9nMuSe2ZSC6J5Ezx1\nsWSgs0vmQ+EzaV8GXo8bVidtHm8b5Pc421+gEGOvWH2Ouo4tpAouS61OtvjDN9L0\niVZ9Y1q7uNehxozHT+Ea5d4B5VoZWuzcTsSO0V3RdW1+bXtNQYyaAmnZZdrKVl5s\nbr9sNIq8TFtx7MfVRWknAiOe8C4oXHt6ShKe41rwjguVC/FnJ3IoOBEt3MWXiWfd\nHeWswXY9Vzq7YupbTumhRwx+RyvuwUH28ANeIGT4sruWdFwVntzawQc8gveKyJz8\nFsfyg/y3oRqeyew7w0MakWqW65P3C5OWAUYTbJcV0kLcKXktxWAclEI9MxrFRP0q\n1+VwIYv/H0rJ6cu7/fGj4Gcb2n9Hma1l+hBCgM0NOFQFpGvOBX906bat5BFnJF39\ngbcwfMfxBBeAwYQQYum+UVPmhQce90No+dAQHAg/BhJ/CUSp6uxT54U9gawdKroH\nQSnJ3ztivkLEEQAAAQAiRl2IgzSEjPP/8JiDfhZWxmrlAPQtS0oguvX1j6ct5Ub/\nKh+cesrd9G4kF9BivsUJFjl0Pep45QHOYgul5EvmM1ozwkvL3Ey1cTq8rjjiusql\nNEvGpJe7O7vbjLp9wZhgWhZbvjC9fC52X8zbOx2e/By68Q5II0zZP/pXUILtWT30\n4FmtTJ/O+DuD1jK0bmJm9kwpgSGXykU4UNBXBtEiy2FFlEbliMI/MyRIeP4XyZm5\nS+WC+8PJ9gsDkbf6K/FGF8ykvsUIFN/Kd+45F4FhGBtd1MgVj62FlFUcSSpUiYHr\nGVCHSqWmmW+lMq458Mg+lVqsGvQ0s5Vpdx48UAPeAAABAQDA+mH12uXEP6GIGksU\nxZEVBG51PKaidAPiBDuSFVd45w7CU/RiTV5XtGPnQcfpW3HF7n/+S7artf23y2ok\n1bvbns9JUlByZPhipvFRyDJvy3cfc/c+gEQDKWq8rd4tqPzAAdGmuXaKMpPuNygp\nQZqyIooDAaXmU0dLEHZa2ssRYEShw6pbCi83EKfwFu2lQfqIAq1e6V5njJEUknYo\nPMYZZYL4HoUxIe9UD2gsC715KfO8cvh85V0WOs1LjwvhaJgcudp+fsRBccpUo6x8\nWBXm3XGtupwpTcYBJEs+WWU1B8VWg8y2woz221mMvK4DvXflK4suOX76guk3/YM2\nJEZvAAABAQDNaOWV5J0SwZmkoNPBguTQrR6bKzCqQ3dfoYdrv0sxQAtoRk1dpKs2\nw+zuXOKVR2S9WYCvTDwxJ4FE/5UorVOwpqYQYeq4K0tfwOETpWHWq67fJpRYdkwL\nJ5b3/fO+zHTL4/OGLwlKUYs75Mxx17mv9tAZI64a9KPVQaSa7roYkT8zwG6axP/M\nHqpZ+2UMnZoJ3nrwsQiKGOtheJ5OaJAoNnJKxQAREskZcHBvBq9x1Tjo5B3c84aI\n+8plvaiN5Y/rkBEJlJNGVYQiLjJ3Ss96aqjh96/CfIM0FBZXYBq435O4jNx5Evwn\nwvff5qKKk2X3/qevn7Qz3T2e3tJardFzAAAAAAEC\n-----END OPENSSH PRIVATE KEY-----\n",
            "private_key_pem": "-----BEGIN RSA PRIVATE KEY-----\nMIIJKQIBAAKCAgEAmteTOqPcQ1c0sIR/lpM1WxtB2o6ls38Wo+RucyuyL598c7GD\nN+jlChHornvh6OiW1Xy0/+jVPuqqRoMolFAovxtLSGPL1qVfSqm6+cGJjAlpH7UA\nZ+HhbUW/aa3VLC7whkKyHilsh66VLkD5HePS14GU12qPdZJgBUh7LcQ6m29lAYJH\niEct3QBJOZ2RbJY7k7f+MJ/OkVdd75G3iSUudzWwrpA1qCj12cBd33hxy05QdeRo\neLuske4xWNA9DBmVM2O5m6kab94o2IQLGUXl1VBoHzuXsjlZvMaBX4xthxtGtvr3\nZcY+4WYKxFntnAJR2suc/PGgQYa8cithKaFPBzjSRTes7PUhCSdSibwxQihoWDBQ\nLLA57wkRyfxtIbca4KUTOsnpYjWq6Wj4Dn5lhsLzLHLZnQXB6MfI8HLUo6KvG2KI\nhvbCv2Xh8aYwpWPvBpH+7OSwYz7f7/sJqHkS2NgLGKNRnWj7igN9OUAISvs+3ugD\ns8koy4UBxymycBQVJu1V7fITQGar1d73nEfKbWpHuj/ttJFlPHzDe0HBgIZgIyGl\n5ImKKn7HCR8+SV6KcxgMP7pwMFkyf2p6CMduruVRfvzuPgk/IaLplQjVQQo1iCks\nJwUMGMmfokQ0ABnyRPPfLf7fXZ/WJJPO8bBpNMcDNV7WEWvAtytheY7PQt0CAwEA\nAQKCAgEAieUJ3OMouV/kMH8PEQ2wKp6vmvAGaT/47aP1KOP1H6wsrOudLCFgOAOS\n8DCrEzxvd1hD6NN1dT6OvZT4gnyQjQDFnoYhddp4bomRVfMhh3CqCe6rmdfzZdkD\nih2hBmQXF7o13d6OJJc5i6OZNyE5F2rzHpRrhg0BLjNKX4utldcyYJGhGqApG/Ox\nQnoslEOGcxscaDkpQQ5JPZzLkntmUguieRM8dbFkoLNL5kPhM2lfBl6PG1YnbR5v\nG+T3ONtfoBBjr1h9jrqOLaQKLkutTrb4wzfS9IlWfWNau7jXocaMx0/hGuXeAeVa\nGVrs3E7EjtFd0XVtfm17TUGMmgJp2WXaylZebG6/bDSKvExbcezH1UVpJwIjnvAu\nKFx7ekoSnuNa8I4LlQvxZydyKDgRLdzFl4ln3R3lrMF2PVc6u2LqW07poUcMfkcr\n7sFB9vADXiBk+LK7lnRcFZ7c2sEHPIL3isic/BbH8oP8t6EansnsO8NDGpFqluuT\n9wuTlgFGE2yXFdJC3Cl5LcVgHJRCPTMaxUT9KtflcCGL/x9KyenLu/3xo+BnG9p/\nR5mtZfoQQoDNDThUBaRrzgV/dOm2reQRZyRd/YG3MHzH8QQXgMGEEGLpvlFT5oUH\nHvdDaPnQEBwIPwYSfwlEqersU+eFPYGsHSq6B0Epyd87Yr5CxBECggEBAMD6YfXa\n5cQ/oYgaSxTFkRUEbnU8pqJ0A+IEO5IVV3jnDsJT9GJNXle0Y+dBx+lbccXuf/5L\ntqu1/bfLaiTVu9uez0lSUHJk+GKm8VHIMm/Ldx9z9z6ARAMparyt3i2o/MAB0aa5\ndooyk+43KClBmrIiigMBpeZTR0sQdlrayxFgRKHDqlsKLzcQp/AW7aVB+ogCrV7p\nXmeMkRSSdig8xhllgvgehTEh71QPaCwLvXkp87xy+HzlXRY6zUuPC+FomBy52n5+\nxEFxylSjrHxYFebdca26nClNxgEkSz5ZZTUHxVaDzLbCjPbbWYy8rgO9d+Uriy45\nfvqC6Tf9gzYkRm8CggEBAM1o5ZXknRLBmaSg08GC5NCtHpsrMKpDd1+hh2u/SzFA\nC2hGTV2kqzbD7O5c4pVHZL1ZgK9MPDEngUT/lSitU7CmphBh6rgrS1/A4ROlYdar\nrt8mlFh2TAsnlvf9877MdMvj84YvCUpRizvkzHHXua/20Bkjrhr0o9VBpJruuhiR\nPzPAbprE/8weqln7ZQydmgneevCxCIoY62F4nk5okCg2ckrFABESyRlwcG8Gr3HV\nOOjkHdzzhoj7ymW9qI3lj+uQEQmUk0ZVhCIuMndKz3pqqOH3r8J8gzQUFldgGrjf\nk7iM3HkS/CfC99/mooqTZff+p6+ftDPdPZ7e0lqt0XMCggEAdGPPR4BRyi5yl2r8\nU7fhDCMTF+SPwDVmzh+taiszCbmaHjySjeOJ/i3Pf4AeObGsiiuRyOcTcrceIocu\nKq86UXiUHu3llUkuwhlcPO4Y9XJrE25W9bxYyOtm9AuNkE52urueHgeH5kwhCrD7\nqP5ndf787FlHHQanXi+8oomJpp5AZqxjh+s5lOWX1GePx3dmyjeLJ05rYNrX+edo\nGlalSFYASvPlcz+7YCC2vLIMAhL6bXOOSY3wueKXRXYuPTJfZBv4GwkMB0jBNpFN\nC+X4t7hhwt1lKEg/HxsrwpwaPYTFUavGgYgPiye69/YoohrZQEAl/qgw3JiuXtWp\nGLOCQwKCAQEAyIEwOhSiToC0XUKv8SC4Ago66fRK2Khqieq+qapc14JQoESfmFz4\n08iEKlh4xIagC0SmnHap+sE5KgThsIcgPjsttqgd2hBIzvsTuX2h9042sJSUEZXH\nvMu0TfaSSxiAmdW1DLI1O1pFsv0vo6CUHPOrRh7SAHX0xmIBL0sAVKLTMs0QKftK\nRhFY7+S5Sos8pY2KLBBi6YpRmR+IR7lBnj8naVzLJ99SdYaP+ZBpCZC8sHibveXo\n2SYO9ykeswP2bFaAiv2AlRM8m7DEijV4OWKL36dK5WltGRTSig/BhdyX8XlubLDf\nemCSXPhgiSxASMdHH+Ogn0/CqqWOZ/1riQKCAQAiRl2IgzSEjPP/8JiDfhZWxmrl\nAPQtS0oguvX1j6ct5Ub/Kh+cesrd9G4kF9BivsUJFjl0Pep45QHOYgul5EvmM1oz\nwkvL3Ey1cTq8rjjiusqlNEvGpJe7O7vbjLp9wZhgWhZbvjC9fC52X8zbOx2e/By6\n8Q5II0zZP/pXUILtWT304FmtTJ/O+DuD1jK0bmJm9kwpgSGXykU4UNBXBtEiy2FF\nlEbliMI/MyRIeP4XyZm5S+WC+8PJ9gsDkbf6K/FGF8ykvsUIFN/Kd+45F4FhGBtd\n1MgVj62FlFUcSSpUiYHrGVCHSqWmmW+lMq458Mg+lVqsGvQ0s5Vpdx48UAPe\n-----END RSA PRIVATE KEY-----\n",
            "public_key_fingerprint_md5": "1d:18:43:a5:48:21:8e:7d:91:72:37:c6:88:6b:cb:6a",
            "public_key_fingerprint_sha256": "SHA256:LgoXGhHAFWe5Tjy5Gl9e9r59mAWTOV0u/CBbAuIi7Cc",
            "public_key_openssh": "ssh-rsa AAAAB3NzaC1yc2EAAAADAQABAAACAQCa15M6o9xDVzSwhH+WkzVbG0HajqWzfxaj5G5zK7Ivn3xzsYM36OUKEeiue+Ho6JbVfLT/6NU+6qpGgyiUUCi/G0tIY8vWpV9Kqbr5wYmMCWkftQBn4eFtRb9prdUsLvCGQrIeKWyHrpUuQPkd49LXgZTXao91kmAFSHstxDqbb2UBgkeIRy3dAEk5nZFsljuTt/4wn86RV13vkbeJJS53NbCukDWoKPXZwF3feHHLTlB15Gh4u6yR7jFY0D0MGZUzY7mbqRpv3ijYhAsZReXVUGgfO5eyOVm8xoFfjG2HG0a2+vdlxj7hZgrEWe2cAlHay5z88aBBhrxyK2EpoU8HONJFN6zs9SEJJ1KJvDFCKGhYMFAssDnvCRHJ/G0htxrgpRM6yeliNarpaPgOfmWGwvMsctmdBcHox8jwctSjoq8bYoiG9sK/ZeHxpjClY+8Gkf7s5LBjPt/v+wmoeRLY2AsYo1GdaPuKA305QAhK+z7e6AOzySjLhQHHKbJwFBUm7VXt8hNAZqvV3vecR8ptake6P+20kWU8fMN7QcGAhmAjIaXkiYoqfscJHz5JXopzGAw/unAwWTJ/anoIx26u5VF+/O4+CT8houmVCNVBCjWIKSwnBQwYyZ+iRDQAGfJE898t/t9dn9Ykk87xsGk0xwM1XtYRa8C3K2F5js9C3Q==\n",
            "public_key_pem": "-----BEGIN PUBLIC KEY-----\nMIICIjANBgkqhkiG9w0BAQEFAAOCAg8AMIICCgKCAgEAmteTOqPcQ1c0sIR/lpM1\nWxtB2o6ls38Wo+RucyuyL598c7GDN+jlChHornvh6OiW1Xy0/+jVPuqqRoMolFAo\nvxtLSGPL1qVfSqm6+cGJjAlpH7UAZ+HhbUW/aa3VLC7whkKyHilsh66VLkD5HePS\n14GU12qPdZJgBUh7LcQ6m29lAYJHiEct3QBJOZ2RbJY7k7f+MJ/OkVdd75G3iSUu\ndzWwrpA1qCj12cBd33hxy05QdeRoeLuske4xWNA9DBmVM2O5m6kab94o2IQLGUXl\n1VBoHzuXsjlZvMaBX4xthxtGtvr3ZcY+4WYKxFntnAJR2suc/PGgQYa8cithKaFP\nBzjSRTes7PUhCSdSibwxQihoWDBQLLA57wkRyfxtIbca4KUTOsnpYjWq6Wj4Dn5l\nhsLzLHLZnQXB6MfI8HLUo6KvG2KIhvbCv2Xh8aYwpWPvBpH+7OSwYz7f7/sJqHkS\n2NgLGKNRnWj7igN9OUAISvs+3ugDs8koy4UBxymycBQVJu1V7fITQGar1d73nEfK\nbWpHuj/ttJFlPHzDe0HBgIZgIyGl5ImKKn7HCR8+SV6KcxgMP7pwMFkyf2p6CMdu\nruVRfvzuPgk/IaLplQjVQQo1iCksJwUMGMmfokQ0ABnyRPPfLf7fXZ/WJJPO8bBp\nNMcDNV7WEWvAtytheY7PQt0CAwEAAQ==\n-----END PUBLIC KEY-----\n",
            "rsa_bits": 4096
          },
          "sensitive_attributes": [],
          "private": "bnVsbA==",
          "dependencies": [
            "module.vpc.aws_cloudwatch_log_group.flow_log",
            "module.vpc.aws_customer_gateway.this",
            "module.vpc.aws_db_subnet_group.database",
            "module.vpc.aws_default_network_acl.this",
            "module.vpc.aws_default_route_table.default",
            "module.vpc.aws_default_security_group.this",
            "module.vpc.aws_default_vpc.this",
            "module.vpc.aws_egress_only_internet_gateway.this",
            "module.vpc.aws_eip.nat",
            "module.vpc.aws_elasticache_subnet_group.elasticache",
            "module.vpc.aws_flow_log.this",
            "module.vpc.aws_iam_policy.vpc_flow_log_cloudwatch",
            "module.vpc.aws_iam_role.vpc_flow_log_cloudwatch",
            "module.vpc.aws_iam_role_policy_attachment.vpc_flow_log_cloudwatch",
            "module.vpc.aws_internet_gateway.this",
            "module.vpc.aws_nat_gateway.this",
            "module.vpc.aws_network_acl.database",
            "module.vpc.aws_network_acl.elasticache",
            "module.vpc.aws_network_acl.intra",
            "module.vpc.aws_network_acl.outpost",
            "module.vpc.aws_network_acl.private",
            "module.vpc.aws_network_acl.public",
            "module.vpc.aws_network_acl.redshift",
            "module.vpc.aws_network_acl_rule.database_inbound",
            "module.vpc.aws_network_acl_rule.database_outbound",
            "module.vpc.aws_network_acl_rule.elasticache_inbound",
            "module.vpc.aws_network_acl_rule.elasticache_outbound",
            "module.vpc.aws_network_acl_rule.intra_inbound",
            "module.vpc.aws_network_acl_rule.intra_outbound",
            "module.vpc.aws_network_acl_rule.outpost_inbound",
            "module.vpc.aws_network_acl_rule.outpost_outbound",
            "module.vpc.aws_network_acl_rule.private_inbound",
            "module.vpc.aws_network_acl_rule.private_outbound",
            "module.vpc.aws_network_acl_rule.public_inbound",
            "module.vpc.aws_network_acl_rule.public_outbound",
            "module.vpc.aws_network_acl_rule.redshift_inbound",
            "module.vpc.aws_network_acl_rule.redshift_outbound",
            "module.vpc.aws_redshift_subnet_group.redshift",
            "module.vpc.aws_route.database_internet_gateway",
            "module.vpc.aws_route.database_ipv6_egress",
            "module.vpc.aws_route.database_nat_gateway",
            "module.vpc.aws_route.private_ipv6_egress",
            "module.vpc.aws_route.private_nat_gateway",
            "module.vpc.aws_route.public_internet_gateway",
            "module.vpc.aws_route.public_internet_gateway_ipv6",
            "module.vpc.aws_route_table.database",
            "module.vpc.aws_route_table.elasticache",
            "module.vpc.aws_route_table.intra",
            "module.vpc.aws_route_table.private",
            "module.vpc.aws_route_table.public",
            "module.vpc.aws_route_table.redshift",
            "module.vpc.aws_route_table_association.database",
            "module.vpc.aws_route_table_association.elasticache",
            "module.vpc.aws_route_table_association.intra",
            "module.vpc.aws_route_table_association.outpost",
            "module.vpc.aws_route_table_association.private",
            "module.vpc.aws_route_table_association.public",
            "module.vpc.aws_route_table_association.redshift",
            "module.vpc.aws_route_table_association.redshift_public",
            "module.vpc.aws_subnet.database",
            "module.vpc.aws_subnet.elasticache",
            "module.vpc.aws_subnet.intra",
            "module.vpc.aws_subnet.outpost",
            "module.vpc.aws_subnet.private",
            "module.vpc.aws_subnet.public",
            "module.vpc.aws_subnet.redshift",
            "module.vpc.aws_vpc.this",
            "module.vpc.aws_vpc_dhcp_options.this",
            "module.vpc.aws_vpc_dhcp_options_association.this",
            "module.vpc.aws_vpc_ipv4_cidr_block_association.this",
            "module.vpc.aws_vpn_gateway.this",
            "module.vpc.aws_vpn_gateway_attachment.this",
            "module.vpc.aws_vpn_gateway_route_propagation.intra",
            "module.vpc.aws_vpn_gateway_route_propagation.private",
            "module.vpc.aws_vpn_gateway_route_propagation.public",
            "module.vpc.data.aws_iam_policy_document.flow_log_cloudwatch_assume_role",
            "module.vpc.data.aws_iam_policy_document.vpc_flow_log_cloudwatch"
          ]
        }
      ]
    },
    {
      "module": "module.vpc",
      "mode": "managed",
      "type": "aws_eip",
      "name": "nat",
      "provider": "provider[\"registry.terraform.io/hashicorp/aws\"]",
      "instances": [
        {
          "index_key": 0,
          "schema_version": 0,
          "attributes": {
            "address": null,
            "allocation_id": "eipalloc-04a169a7ffa72a860",
            "associate_with_private_ip": null,
            "association_id": "eipassoc-01031c2708cefc75b",
            "carrier_ip": "",
            "customer_owned_ip": "",
            "customer_owned_ipv4_pool": "",
            "domain": "vpc",
            "id": "eipalloc-04a169a7ffa72a860",
            "instance": "",
            "network_border_group": "us-east-1",
            "network_interface": "eni-0352061461cf04fab",
            "private_dns": "ip-172-23-5-133.ec2.internal",
            "private_ip": "172.23.5.133",
            "public_dns": "ec2-34-196-239-95.compute-1.amazonaws.com",
            "public_ip": "34.196.239.95",
            "public_ipv4_pool": "amazon",
            "tags": {
              "Name": "VPC-us-east-1a"
            },
            "tags_all": {
              "Name": "VPC-us-east-1a"
            },
            "timeouts": null,
            "vpc": true
          },
          "sensitive_attributes": [],
          "private": "eyJlMmJmYjczMC1lY2FhLTExZTYtOGY4OC0zNDM2M2JjN2M0YzAiOnsiZGVsZXRlIjoxODAwMDAwMDAwMDAsInJlYWQiOjkwMDAwMDAwMDAwMCwidXBkYXRlIjozMDAwMDAwMDAwMDB9fQ=="
        }
      ]
    },
    {
      "module": "module.vpc",
      "mode": "managed",
      "type": "aws_internet_gateway",
      "name": "this",
      "provider": "provider[\"registry.terraform.io/hashicorp/aws\"]",
      "instances": [
        {
          "index_key": 0,
          "schema_version": 0,
          "attributes": {
            "arn": "arn:aws:ec2:us-east-1:904236996256:internet-gateway/igw-063205ff80664488f",
            "id": "igw-063205ff80664488f",
            "owner_id": "904236996256",
            "tags": {
              "Name": "VPC"
            },
            "tags_all": {
              "Name": "VPC"
            },
            "vpc_id": "vpc-0c72b8cd1339d1b10"
          },
          "sensitive_attributes": [],
          "private": "bnVsbA==",
          "dependencies": [
            "module.vpc.aws_vpc.this",
            "module.vpc.aws_vpc_ipv4_cidr_block_association.this"
          ]
        }
      ]
    },
    {
      "module": "module.vpc",
      "mode": "managed",
      "type": "aws_nat_gateway",
      "name": "this",
      "provider": "provider[\"registry.terraform.io/hashicorp/aws\"]",
      "instances": [
        {
          "index_key": 0,
          "schema_version": 0,
          "attributes": {
            "allocation_id": "eipalloc-04a169a7ffa72a860",
            "connectivity_type": "public",
            "id": "nat-0585b742f9d8155e2",
            "network_interface_id": "eni-0352061461cf04fab",
            "private_ip": "172.23.5.133",
            "public_ip": "34.196.239.95",
            "subnet_id": "subnet-073377a9f652a36bf",
            "tags": {
              "Name": "caldera-test_natgateway"
            },
            "tags_all": {
              "Name": "caldera-test_natgateway"
            }
          },
          "sensitive_attributes": [],
          "private": "bnVsbA==",
          "dependencies": [
            "module.vpc.aws_eip.nat",
            "module.vpc.aws_internet_gateway.this",
            "module.vpc.aws_subnet.public",
            "module.vpc.aws_vpc.this",
            "module.vpc.aws_vpc_ipv4_cidr_block_association.this"
          ]
        }
      ]
    },
    {
      "module": "module.vpc",
      "mode": "managed",
      "type": "aws_route",
      "name": "private_nat_gateway",
      "provider": "provider[\"registry.terraform.io/hashicorp/aws\"]",
      "instances": [
        {
          "index_key": 0,
          "schema_version": 0,
          "attributes": {
            "carrier_gateway_id": "",
            "core_network_arn": "",
            "destination_cidr_block": "0.0.0.0/0",
            "destination_ipv6_cidr_block": "",
            "destination_prefix_list_id": "",
            "egress_only_gateway_id": "",
            "gateway_id": "",
            "id": "r-rtb-0d19d1279658ee0c91080289494",
            "instance_id": "",
            "instance_owner_id": "",
            "local_gateway_id": "",
            "nat_gateway_id": "nat-0585b742f9d8155e2",
            "network_interface_id": "",
            "origin": "CreateRoute",
            "route_table_id": "rtb-0d19d1279658ee0c9",
            "state": "active",
            "timeouts": {
              "create": "5m",
              "delete": null,
              "update": null
            },
            "transit_gateway_id": "",
            "vpc_endpoint_id": "",
            "vpc_peering_connection_id": ""
          },
          "sensitive_attributes": [],
          "private": "eyJlMmJmYjczMC1lY2FhLTExZTYtOGY4OC0zNDM2M2JjN2M0YzAiOnsiY3JlYXRlIjozMDAwMDAwMDAwMDAsImRlbGV0ZSI6MzAwMDAwMDAwMDAwLCJ1cGRhdGUiOjEyMDAwMDAwMDAwMH19",
          "dependencies": [
            "module.vpc.aws_eip.nat",
            "module.vpc.aws_internet_gateway.this",
            "module.vpc.aws_nat_gateway.this",
            "module.vpc.aws_route_table.private",
            "module.vpc.aws_subnet.public",
            "module.vpc.aws_vpc.this",
            "module.vpc.aws_vpc_ipv4_cidr_block_association.this"
          ]
        }
      ]
    },
    {
      "module": "module.vpc",
      "mode": "managed",
      "type": "aws_route",
      "name": "public_internet_gateway",
      "provider": "provider[\"registry.terraform.io/hashicorp/aws\"]",
      "instances": [
        {
          "index_key": 0,
          "schema_version": 0,
          "attributes": {
            "carrier_gateway_id": "",
            "core_network_arn": "",
            "destination_cidr_block": "0.0.0.0/0",
            "destination_ipv6_cidr_block": "",
            "destination_prefix_list_id": "",
            "egress_only_gateway_id": "",
            "gateway_id": "igw-063205ff80664488f",
            "id": "r-rtb-015f4e15acbfc157b1080289494",
            "instance_id": "",
            "instance_owner_id": "",
            "local_gateway_id": "",
            "nat_gateway_id": "",
            "network_interface_id": "",
            "origin": "CreateRoute",
            "route_table_id": "rtb-015f4e15acbfc157b",
            "state": "active",
            "timeouts": {
              "create": "5m",
              "delete": null,
              "update": null
            },
            "transit_gateway_id": "",
            "vpc_endpoint_id": "",
            "vpc_peering_connection_id": ""
          },
          "sensitive_attributes": [],
          "private": "eyJlMmJmYjczMC1lY2FhLTExZTYtOGY4OC0zNDM2M2JjN2M0YzAiOnsiY3JlYXRlIjozMDAwMDAwMDAwMDAsImRlbGV0ZSI6MzAwMDAwMDAwMDAwLCJ1cGRhdGUiOjEyMDAwMDAwMDAwMH19",
          "dependencies": [
            "module.vpc.aws_internet_gateway.this",
            "module.vpc.aws_route_table.public",
            "module.vpc.aws_vpc.this",
            "module.vpc.aws_vpc_ipv4_cidr_block_association.this"
          ]
        }
      ]
    },
    {
      "module": "module.vpc",
      "mode": "managed",
      "type": "aws_route_table",
      "name": "private",
      "provider": "provider[\"registry.terraform.io/hashicorp/aws\"]",
      "instances": [
        {
          "index_key": 0,
          "schema_version": 0,
          "attributes": {
            "arn": "arn:aws:ec2:us-east-1:904236996256:route-table/rtb-0d19d1279658ee0c9",
            "id": "rtb-0d19d1279658ee0c9",
            "owner_id": "904236996256",
            "propagating_vgws": [],
            "route": [
              {
                "carrier_gateway_id": "",
                "cidr_block": "0.0.0.0/0",
                "core_network_arn": "",
                "destination_prefix_list_id": "",
                "egress_only_gateway_id": "",
                "gateway_id": "",
                "instance_id": "",
                "ipv6_cidr_block": "",
                "local_gateway_id": "",
                "nat_gateway_id": "nat-0585b742f9d8155e2",
                "network_interface_id": "",
                "transit_gateway_id": "",
                "vpc_endpoint_id": "",
                "vpc_peering_connection_id": ""
              }
            ],
            "tags": {
              "Name": "VPC-private"
            },
            "tags_all": {
              "Name": "VPC-private"
            },
            "timeouts": null,
            "vpc_id": "vpc-0c72b8cd1339d1b10"
          },
          "sensitive_attributes": [],
          "private": "eyJlMmJmYjczMC1lY2FhLTExZTYtOGY4OC0zNDM2M2JjN2M0YzAiOnsiY3JlYXRlIjozMDAwMDAwMDAwMDAsImRlbGV0ZSI6MzAwMDAwMDAwMDAwLCJ1cGRhdGUiOjEyMDAwMDAwMDAwMH19",
          "dependencies": [
            "module.vpc.aws_vpc.this",
            "module.vpc.aws_vpc_ipv4_cidr_block_association.this"
          ]
        }
      ]
    },
    {
      "module": "module.vpc",
      "mode": "managed",
      "type": "aws_route_table",
      "name": "public",
      "provider": "provider[\"registry.terraform.io/hashicorp/aws\"]",
      "instances": [
        {
          "index_key": 0,
          "schema_version": 0,
          "attributes": {
            "arn": "arn:aws:ec2:us-east-1:904236996256:route-table/rtb-015f4e15acbfc157b",
            "id": "rtb-015f4e15acbfc157b",
            "owner_id": "904236996256",
            "propagating_vgws": [],
            "route": [
              {
                "carrier_gateway_id": "",
                "cidr_block": "0.0.0.0/0",
                "core_network_arn": "",
                "destination_prefix_list_id": "",
                "egress_only_gateway_id": "",
                "gateway_id": "igw-063205ff80664488f",
                "instance_id": "",
                "ipv6_cidr_block": "",
                "local_gateway_id": "",
                "nat_gateway_id": "",
                "network_interface_id": "",
                "transit_gateway_id": "",
                "vpc_endpoint_id": "",
                "vpc_peering_connection_id": ""
              }
            ],
            "tags": {
              "Name": "VPC-public"
            },
            "tags_all": {
              "Name": "VPC-public"
            },
            "timeouts": null,
            "vpc_id": "vpc-0c72b8cd1339d1b10"
          },
          "sensitive_attributes": [],
          "private": "eyJlMmJmYjczMC1lY2FhLTExZTYtOGY4OC0zNDM2M2JjN2M0YzAiOnsiY3JlYXRlIjozMDAwMDAwMDAwMDAsImRlbGV0ZSI6MzAwMDAwMDAwMDAwLCJ1cGRhdGUiOjEyMDAwMDAwMDAwMH19",
          "dependencies": [
            "module.vpc.aws_vpc.this",
            "module.vpc.aws_vpc_ipv4_cidr_block_association.this"
          ]
        }
      ]
    },
    {
      "module": "module.vpc",
      "mode": "managed",
      "type": "aws_route_table_association",
      "name": "private",
      "provider": "provider[\"registry.terraform.io/hashicorp/aws\"]",
      "instances": [
        {
          "index_key": 0,
          "schema_version": 0,
          "attributes": {
            "gateway_id": "",
            "id": "rtbassoc-0003caf53a70ec255",
            "route_table_id": "rtb-0d19d1279658ee0c9",
            "subnet_id": "subnet-0df71ab6fbc83976b"
          },
          "sensitive_attributes": [],
          "private": "bnVsbA==",
          "dependencies": [
            "module.vpc.aws_route_table.private",
            "module.vpc.aws_subnet.private",
            "module.vpc.aws_vpc.this",
            "module.vpc.aws_vpc_ipv4_cidr_block_association.this"
          ]
        },
        {
          "index_key": 1,
          "schema_version": 0,
          "attributes": {
            "gateway_id": "",
            "id": "rtbassoc-065226aa15990335f",
            "route_table_id": "rtb-0d19d1279658ee0c9",
            "subnet_id": "subnet-0c6b86cf19d7bdbb4"
          },
          "sensitive_attributes": [],
          "private": "bnVsbA==",
          "dependencies": [
            "module.vpc.aws_route_table.private",
            "module.vpc.aws_subnet.private",
            "module.vpc.aws_vpc.this",
            "module.vpc.aws_vpc_ipv4_cidr_block_association.this"
          ]
        },
        {
          "index_key": 2,
          "schema_version": 0,
          "attributes": {
            "gateway_id": "",
            "id": "rtbassoc-0f51a3c4f5447dddb",
            "route_table_id": "rtb-0d19d1279658ee0c9",
            "subnet_id": "subnet-027ed972a861ec14e"
          },
          "sensitive_attributes": [],
          "private": "bnVsbA==",
          "dependencies": [
            "module.vpc.aws_route_table.private",
            "module.vpc.aws_subnet.private",
            "module.vpc.aws_vpc.this",
            "module.vpc.aws_vpc_ipv4_cidr_block_association.this"
          ]
        },
        {
          "index_key": 3,
          "schema_version": 0,
          "attributes": {
            "gateway_id": "",
            "id": "rtbassoc-08a1a40abe0a80c92",
            "route_table_id": "rtb-0d19d1279658ee0c9",
            "subnet_id": "subnet-0bbe45669d5b9c39e"
          },
          "sensitive_attributes": [],
          "private": "bnVsbA==",
          "dependencies": [
            "module.vpc.aws_route_table.private",
            "module.vpc.aws_subnet.private",
            "module.vpc.aws_vpc.this",
            "module.vpc.aws_vpc_ipv4_cidr_block_association.this"
          ]
        },
        {
          "index_key": 4,
          "schema_version": 0,
          "attributes": {
            "gateway_id": "",
            "id": "rtbassoc-07edce4a900a0dcba",
            "route_table_id": "rtb-0d19d1279658ee0c9",
            "subnet_id": "subnet-042f9d2f27cee3908"
          },
          "sensitive_attributes": [],
          "private": "bnVsbA==",
          "dependencies": [
            "module.vpc.aws_route_table.private",
            "module.vpc.aws_subnet.private",
            "module.vpc.aws_vpc.this",
            "module.vpc.aws_vpc_ipv4_cidr_block_association.this"
          ]
        }
      ]
    },
    {
      "module": "module.vpc",
      "mode": "managed",
      "type": "aws_route_table_association",
      "name": "public",
      "provider": "provider[\"registry.terraform.io/hashicorp/aws\"]",
      "instances": [
        {
          "index_key": 0,
          "schema_version": 0,
          "attributes": {
            "gateway_id": "",
            "id": "rtbassoc-0ea022613401a1c22",
            "route_table_id": "rtb-015f4e15acbfc157b",
            "subnet_id": "subnet-073377a9f652a36bf"
          },
          "sensitive_attributes": [],
          "private": "bnVsbA==",
          "dependencies": [
            "module.vpc.aws_route_table.public",
            "module.vpc.aws_subnet.public",
            "module.vpc.aws_vpc.this",
            "module.vpc.aws_vpc_ipv4_cidr_block_association.this"
          ]
        },
        {
          "index_key": 1,
          "schema_version": 0,
          "attributes": {
            "gateway_id": "",
            "id": "rtbassoc-0454ff586dd0a9ac5",
            "route_table_id": "rtb-015f4e15acbfc157b",
            "subnet_id": "subnet-038df70e72509e84c"
          },
          "sensitive_attributes": [],
          "private": "bnVsbA==",
          "dependencies": [
            "module.vpc.aws_route_table.public",
            "module.vpc.aws_subnet.public",
            "module.vpc.aws_vpc.this",
            "module.vpc.aws_vpc_ipv4_cidr_block_association.this"
          ]
        },
        {
          "index_key": 2,
          "schema_version": 0,
          "attributes": {
            "gateway_id": "",
            "id": "rtbassoc-0f9b200d5cec8706d",
            "route_table_id": "rtb-015f4e15acbfc157b",
            "subnet_id": "subnet-0c594c37f4c05d26e"
          },
          "sensitive_attributes": [],
          "private": "bnVsbA==",
          "dependencies": [
            "module.vpc.aws_route_table.public",
            "module.vpc.aws_subnet.public",
            "module.vpc.aws_vpc.this",
            "module.vpc.aws_vpc_ipv4_cidr_block_association.this"
          ]
        },
        {
          "index_key": 3,
          "schema_version": 0,
          "attributes": {
            "gateway_id": "",
            "id": "rtbassoc-0f2e7d2b809740f11",
            "route_table_id": "rtb-015f4e15acbfc157b",
            "subnet_id": "subnet-0f07c59a0854986fd"
          },
          "sensitive_attributes": [],
          "private": "bnVsbA==",
          "dependencies": [
            "module.vpc.aws_route_table.public",
            "module.vpc.aws_subnet.public",
            "module.vpc.aws_vpc.this",
            "module.vpc.aws_vpc_ipv4_cidr_block_association.this"
          ]
        },
        {
          "index_key": 4,
          "schema_version": 0,
          "attributes": {
            "gateway_id": "",
            "id": "rtbassoc-00cc62b4b25efde1d",
            "route_table_id": "rtb-015f4e15acbfc157b",
            "subnet_id": "subnet-041cca33855a5188f"
          },
          "sensitive_attributes": [],
          "private": "bnVsbA==",
          "dependencies": [
            "module.vpc.aws_route_table.public",
            "module.vpc.aws_subnet.public",
            "module.vpc.aws_vpc.this",
            "module.vpc.aws_vpc_ipv4_cidr_block_association.this"
          ]
        }
      ]
    },
    {
      "module": "module.vpc",
      "mode": "managed",
      "type": "aws_subnet",
      "name": "private",
      "provider": "provider[\"registry.terraform.io/hashicorp/aws\"]",
      "instances": [
        {
          "index_key": 0,
          "schema_version": 1,
          "attributes": {
            "arn": "arn:aws:ec2:us-east-1:904236996256:subnet/subnet-0df71ab6fbc83976b",
            "assign_ipv6_address_on_creation": false,
            "availability_zone": "us-east-1a",
            "availability_zone_id": "use1-az1",
            "cidr_block": "172.23.0.0/22",
            "customer_owned_ipv4_pool": "",
            "enable_dns64": false,
            "enable_resource_name_dns_a_record_on_launch": false,
            "enable_resource_name_dns_aaaa_record_on_launch": false,
            "id": "subnet-0df71ab6fbc83976b",
            "ipv6_cidr_block": "",
            "ipv6_cidr_block_association_id": "",
            "ipv6_native": false,
            "map_customer_owned_ip_on_launch": false,
            "map_public_ip_on_launch": false,
            "outpost_arn": "",
            "owner_id": "904236996256",
            "private_dns_hostname_type_on_launch": "ip-name",
            "tags": {
              "Name": "caldera-test_private"
            },
            "tags_all": {
              "Name": "caldera-test_private"
            },
            "timeouts": null,
            "vpc_id": "vpc-0c72b8cd1339d1b10"
          },
          "sensitive_attributes": [],
          "private": "eyJlMmJmYjczMC1lY2FhLTExZTYtOGY4OC0zNDM2M2JjN2M0YzAiOnsiY3JlYXRlIjo2MDAwMDAwMDAwMDAsImRlbGV0ZSI6MTIwMDAwMDAwMDAwMH0sInNjaGVtYV92ZXJzaW9uIjoiMSJ9",
          "dependencies": [
            "module.vpc.aws_vpc.this",
            "module.vpc.aws_vpc_ipv4_cidr_block_association.this"
          ]
        },
        {
          "index_key": 1,
          "schema_version": 1,
          "attributes": {
            "arn": "arn:aws:ec2:us-east-1:904236996256:subnet/subnet-0c6b86cf19d7bdbb4",
            "assign_ipv6_address_on_creation": false,
            "availability_zone": "us-east-1b",
            "availability_zone_id": "use1-az2",
            "cidr_block": "172.23.32.0/22",
            "customer_owned_ipv4_pool": "",
            "enable_dns64": false,
            "enable_resource_name_dns_a_record_on_launch": false,
            "enable_resource_name_dns_aaaa_record_on_launch": false,
            "id": "subnet-0c6b86cf19d7bdbb4",
            "ipv6_cidr_block": "",
            "ipv6_cidr_block_association_id": "",
            "ipv6_native": false,
            "map_customer_owned_ip_on_launch": false,
            "map_public_ip_on_launch": false,
            "outpost_arn": "",
            "owner_id": "904236996256",
            "private_dns_hostname_type_on_launch": "ip-name",
            "tags": {
              "Name": "caldera-test_private"
            },
            "tags_all": {
              "Name": "caldera-test_private"
            },
            "timeouts": null,
            "vpc_id": "vpc-0c72b8cd1339d1b10"
          },
          "sensitive_attributes": [],
          "private": "eyJlMmJmYjczMC1lY2FhLTExZTYtOGY4OC0zNDM2M2JjN2M0YzAiOnsiY3JlYXRlIjo2MDAwMDAwMDAwMDAsImRlbGV0ZSI6MTIwMDAwMDAwMDAwMH0sInNjaGVtYV92ZXJzaW9uIjoiMSJ9",
          "dependencies": [
            "module.vpc.aws_vpc.this",
            "module.vpc.aws_vpc_ipv4_cidr_block_association.this"
          ]
        },
        {
          "index_key": 2,
          "schema_version": 1,
          "attributes": {
            "arn": "arn:aws:ec2:us-east-1:904236996256:subnet/subnet-027ed972a861ec14e",
            "assign_ipv6_address_on_creation": false,
            "availability_zone": "us-east-1c",
            "availability_zone_id": "use1-az4",
            "cidr_block": "172.23.64.0/22",
            "customer_owned_ipv4_pool": "",
            "enable_dns64": false,
            "enable_resource_name_dns_a_record_on_launch": false,
            "enable_resource_name_dns_aaaa_record_on_launch": false,
            "id": "subnet-027ed972a861ec14e",
            "ipv6_cidr_block": "",
            "ipv6_cidr_block_association_id": "",
            "ipv6_native": false,
            "map_customer_owned_ip_on_launch": false,
            "map_public_ip_on_launch": false,
            "outpost_arn": "",
            "owner_id": "904236996256",
            "private_dns_hostname_type_on_launch": "ip-name",
            "tags": {
              "Name": "caldera-test_private"
            },
            "tags_all": {
              "Name": "caldera-test_private"
            },
            "timeouts": null,
            "vpc_id": "vpc-0c72b8cd1339d1b10"
          },
          "sensitive_attributes": [],
          "private": "eyJlMmJmYjczMC1lY2FhLTExZTYtOGY4OC0zNDM2M2JjN2M0YzAiOnsiY3JlYXRlIjo2MDAwMDAwMDAwMDAsImRlbGV0ZSI6MTIwMDAwMDAwMDAwMH0sInNjaGVtYV92ZXJzaW9uIjoiMSJ9",
          "dependencies": [
            "module.vpc.aws_vpc.this",
            "module.vpc.aws_vpc_ipv4_cidr_block_association.this"
          ]
        },
        {
          "index_key": 3,
          "schema_version": 1,
          "attributes": {
            "arn": "arn:aws:ec2:us-east-1:904236996256:subnet/subnet-0bbe45669d5b9c39e",
            "assign_ipv6_address_on_creation": false,
            "availability_zone": "us-east-1d",
            "availability_zone_id": "use1-az6",
            "cidr_block": "172.23.96.0/22",
            "customer_owned_ipv4_pool": "",
            "enable_dns64": false,
            "enable_resource_name_dns_a_record_on_launch": false,
            "enable_resource_name_dns_aaaa_record_on_launch": false,
            "id": "subnet-0bbe45669d5b9c39e",
            "ipv6_cidr_block": "",
            "ipv6_cidr_block_association_id": "",
            "ipv6_native": false,
            "map_customer_owned_ip_on_launch": false,
            "map_public_ip_on_launch": false,
            "outpost_arn": "",
            "owner_id": "904236996256",
            "private_dns_hostname_type_on_launch": "ip-name",
            "tags": {
              "Name": "caldera-test_private"
            },
            "tags_all": {
              "Name": "caldera-test_private"
            },
            "timeouts": null,
            "vpc_id": "vpc-0c72b8cd1339d1b10"
          },
          "sensitive_attributes": [],
          "private": "eyJlMmJmYjczMC1lY2FhLTExZTYtOGY4OC0zNDM2M2JjN2M0YzAiOnsiY3JlYXRlIjo2MDAwMDAwMDAwMDAsImRlbGV0ZSI6MTIwMDAwMDAwMDAwMH0sInNjaGVtYV92ZXJzaW9uIjoiMSJ9",
          "dependencies": [
            "module.vpc.aws_vpc.this",
            "module.vpc.aws_vpc_ipv4_cidr_block_association.this"
          ]
        },
        {
          "index_key": 4,
          "schema_version": 1,
          "attributes": {
            "arn": "arn:aws:ec2:us-east-1:904236996256:subnet/subnet-042f9d2f27cee3908",
            "assign_ipv6_address_on_creation": false,
            "availability_zone": "us-east-1f",
            "availability_zone_id": "use1-az5",
            "cidr_block": "172.23.160.0/22",
            "customer_owned_ipv4_pool": "",
            "enable_dns64": false,
            "enable_resource_name_dns_a_record_on_launch": false,
            "enable_resource_name_dns_aaaa_record_on_launch": false,
            "id": "subnet-042f9d2f27cee3908",
            "ipv6_cidr_block": "",
            "ipv6_cidr_block_association_id": "",
            "ipv6_native": false,
            "map_customer_owned_ip_on_launch": false,
            "map_public_ip_on_launch": false,
            "outpost_arn": "",
            "owner_id": "904236996256",
            "private_dns_hostname_type_on_launch": "ip-name",
            "tags": {
              "Name": "caldera-test_private"
            },
            "tags_all": {
              "Name": "caldera-test_private"
            },
            "timeouts": null,
            "vpc_id": "vpc-0c72b8cd1339d1b10"
          },
          "sensitive_attributes": [],
          "private": "eyJlMmJmYjczMC1lY2FhLTExZTYtOGY4OC0zNDM2M2JjN2M0YzAiOnsiY3JlYXRlIjo2MDAwMDAwMDAwMDAsImRlbGV0ZSI6MTIwMDAwMDAwMDAwMH0sInNjaGVtYV92ZXJzaW9uIjoiMSJ9",
          "dependencies": [
            "module.vpc.aws_vpc.this",
            "module.vpc.aws_vpc_ipv4_cidr_block_association.this"
          ]
        }
      ]
    },
    {
      "module": "module.vpc",
      "mode": "managed",
      "type": "aws_subnet",
      "name": "public",
      "provider": "provider[\"registry.terraform.io/hashicorp/aws\"]",
      "instances": [
        {
          "index_key": 0,
          "schema_version": 1,
          "attributes": {
            "arn": "arn:aws:ec2:us-east-1:904236996256:subnet/subnet-073377a9f652a36bf",
            "assign_ipv6_address_on_creation": false,
            "availability_zone": "us-east-1a",
            "availability_zone_id": "use1-az1",
            "cidr_block": "172.23.4.0/22",
            "customer_owned_ipv4_pool": "",
            "enable_dns64": false,
            "enable_resource_name_dns_a_record_on_launch": false,
            "enable_resource_name_dns_aaaa_record_on_launch": false,
            "id": "subnet-073377a9f652a36bf",
            "ipv6_cidr_block": "",
            "ipv6_cidr_block_association_id": "",
            "ipv6_native": false,
            "map_customer_owned_ip_on_launch": false,
            "map_public_ip_on_launch": true,
            "outpost_arn": "",
            "owner_id": "904236996256",
            "private_dns_hostname_type_on_launch": "ip-name",
            "tags": {
              "Name": "caldera-test_public"
            },
            "tags_all": {
              "Name": "caldera-test_public"
            },
            "timeouts": null,
            "vpc_id": "vpc-0c72b8cd1339d1b10"
          },
          "sensitive_attributes": [],
          "private": "eyJlMmJmYjczMC1lY2FhLTExZTYtOGY4OC0zNDM2M2JjN2M0YzAiOnsiY3JlYXRlIjo2MDAwMDAwMDAwMDAsImRlbGV0ZSI6MTIwMDAwMDAwMDAwMH0sInNjaGVtYV92ZXJzaW9uIjoiMSJ9",
          "dependencies": [
            "module.vpc.aws_vpc.this",
            "module.vpc.aws_vpc_ipv4_cidr_block_association.this"
          ]
        },
        {
          "index_key": 1,
          "schema_version": 1,
          "attributes": {
            "arn": "arn:aws:ec2:us-east-1:904236996256:subnet/subnet-038df70e72509e84c",
            "assign_ipv6_address_on_creation": false,
            "availability_zone": "us-east-1b",
            "availability_zone_id": "use1-az2",
            "cidr_block": "172.23.36.0/22",
            "customer_owned_ipv4_pool": "",
            "enable_dns64": false,
            "enable_resource_name_dns_a_record_on_launch": false,
            "enable_resource_name_dns_aaaa_record_on_launch": false,
            "id": "subnet-038df70e72509e84c",
            "ipv6_cidr_block": "",
            "ipv6_cidr_block_association_id": "",
            "ipv6_native": false,
            "map_customer_owned_ip_on_launch": false,
            "map_public_ip_on_launch": true,
            "outpost_arn": "",
            "owner_id": "904236996256",
            "private_dns_hostname_type_on_launch": "ip-name",
            "tags": {
              "Name": "caldera-test_public"
            },
            "tags_all": {
              "Name": "caldera-test_public"
            },
            "timeouts": null,
            "vpc_id": "vpc-0c72b8cd1339d1b10"
          },
          "sensitive_attributes": [],
          "private": "eyJlMmJmYjczMC1lY2FhLTExZTYtOGY4OC0zNDM2M2JjN2M0YzAiOnsiY3JlYXRlIjo2MDAwMDAwMDAwMDAsImRlbGV0ZSI6MTIwMDAwMDAwMDAwMH0sInNjaGVtYV92ZXJzaW9uIjoiMSJ9",
          "dependencies": [
            "module.vpc.aws_vpc.this",
            "module.vpc.aws_vpc_ipv4_cidr_block_association.this"
          ]
        },
        {
          "index_key": 2,
          "schema_version": 1,
          "attributes": {
            "arn": "arn:aws:ec2:us-east-1:904236996256:subnet/subnet-0c594c37f4c05d26e",
            "assign_ipv6_address_on_creation": false,
            "availability_zone": "us-east-1c",
            "availability_zone_id": "use1-az4",
            "cidr_block": "172.23.68.0/22",
            "customer_owned_ipv4_pool": "",
            "enable_dns64": false,
            "enable_resource_name_dns_a_record_on_launch": false,
            "enable_resource_name_dns_aaaa_record_on_launch": false,
            "id": "subnet-0c594c37f4c05d26e",
            "ipv6_cidr_block": "",
            "ipv6_cidr_block_association_id": "",
            "ipv6_native": false,
            "map_customer_owned_ip_on_launch": false,
            "map_public_ip_on_launch": true,
            "outpost_arn": "",
            "owner_id": "904236996256",
            "private_dns_hostname_type_on_launch": "ip-name",
            "tags": {
              "Name": "caldera-test_public"
            },
            "tags_all": {
              "Name": "caldera-test_public"
            },
            "timeouts": null,
            "vpc_id": "vpc-0c72b8cd1339d1b10"
          },
          "sensitive_attributes": [],
          "private": "eyJlMmJmYjczMC1lY2FhLTExZTYtOGY4OC0zNDM2M2JjN2M0YzAiOnsiY3JlYXRlIjo2MDAwMDAwMDAwMDAsImRlbGV0ZSI6MTIwMDAwMDAwMDAwMH0sInNjaGVtYV92ZXJzaW9uIjoiMSJ9",
          "dependencies": [
            "module.vpc.aws_vpc.this",
            "module.vpc.aws_vpc_ipv4_cidr_block_association.this"
          ]
        },
        {
          "index_key": 3,
          "schema_version": 1,
          "attributes": {
            "arn": "arn:aws:ec2:us-east-1:904236996256:subnet/subnet-0f07c59a0854986fd",
            "assign_ipv6_address_on_creation": false,
            "availability_zone": "us-east-1d",
            "availability_zone_id": "use1-az6",
            "cidr_block": "172.23.100.0/22",
            "customer_owned_ipv4_pool": "",
            "enable_dns64": false,
            "enable_resource_name_dns_a_record_on_launch": false,
            "enable_resource_name_dns_aaaa_record_on_launch": false,
            "id": "subnet-0f07c59a0854986fd",
            "ipv6_cidr_block": "",
            "ipv6_cidr_block_association_id": "",
            "ipv6_native": false,
            "map_customer_owned_ip_on_launch": false,
            "map_public_ip_on_launch": true,
            "outpost_arn": "",
            "owner_id": "904236996256",
            "private_dns_hostname_type_on_launch": "ip-name",
            "tags": {
              "Name": "caldera-test_public"
            },
            "tags_all": {
              "Name": "caldera-test_public"
            },
            "timeouts": null,
            "vpc_id": "vpc-0c72b8cd1339d1b10"
          },
          "sensitive_attributes": [],
          "private": "eyJlMmJmYjczMC1lY2FhLTExZTYtOGY4OC0zNDM2M2JjN2M0YzAiOnsiY3JlYXRlIjo2MDAwMDAwMDAwMDAsImRlbGV0ZSI6MTIwMDAwMDAwMDAwMH0sInNjaGVtYV92ZXJzaW9uIjoiMSJ9",
          "dependencies": [
            "module.vpc.aws_vpc.this",
            "module.vpc.aws_vpc_ipv4_cidr_block_association.this"
          ]
        },
        {
          "index_key": 4,
          "schema_version": 1,
          "attributes": {
            "arn": "arn:aws:ec2:us-east-1:904236996256:subnet/subnet-041cca33855a5188f",
            "assign_ipv6_address_on_creation": false,
            "availability_zone": "us-east-1f",
            "availability_zone_id": "use1-az5",
            "cidr_block": "172.23.164.0/22",
            "customer_owned_ipv4_pool": "",
            "enable_dns64": false,
            "enable_resource_name_dns_a_record_on_launch": false,
            "enable_resource_name_dns_aaaa_record_on_launch": false,
            "id": "subnet-041cca33855a5188f",
            "ipv6_cidr_block": "",
            "ipv6_cidr_block_association_id": "",
            "ipv6_native": false,
            "map_customer_owned_ip_on_launch": false,
            "map_public_ip_on_launch": true,
            "outpost_arn": "",
            "owner_id": "904236996256",
            "private_dns_hostname_type_on_launch": "ip-name",
            "tags": {
              "Name": "caldera-test_public"
            },
            "tags_all": {
              "Name": "caldera-test_public"
            },
            "timeouts": null,
            "vpc_id": "vpc-0c72b8cd1339d1b10"
          },
          "sensitive_attributes": [],
          "private": "eyJlMmJmYjczMC1lY2FhLTExZTYtOGY4OC0zNDM2M2JjN2M0YzAiOnsiY3JlYXRlIjo2MDAwMDAwMDAwMDAsImRlbGV0ZSI6MTIwMDAwMDAwMDAwMH0sInNjaGVtYV92ZXJzaW9uIjoiMSJ9",
          "dependencies": [
            "module.vpc.aws_vpc.this",
            "module.vpc.aws_vpc_ipv4_cidr_block_association.this"
          ]
        }
      ]
    },
    {
      "module": "module.vpc",
      "mode": "managed",
      "type": "aws_vpc",
      "name": "this",
      "provider": "provider[\"registry.terraform.io/hashicorp/aws\"]",
      "instances": [
        {
          "index_key": 0,
          "schema_version": 1,
          "attributes": {
            "arn": "arn:aws:ec2:us-east-1:904236996256:vpc/vpc-0c72b8cd1339d1b10",
            "assign_generated_ipv6_cidr_block": false,
            "cidr_block": "172.23.0.0/16",
            "default_network_acl_id": "acl-02a2b89f02d020164",
            "default_route_table_id": "rtb-018f398eabc80c12c",
            "default_security_group_id": "sg-040a26fdd43866cc1",
            "dhcp_options_id": "dopt-0556c66deb5d6178c",
            "enable_classiclink": false,
            "enable_classiclink_dns_support": false,
            "enable_dns_hostnames": true,
            "enable_dns_support": true,
            "id": "vpc-0c72b8cd1339d1b10",
            "instance_tenancy": "default",
            "ipv4_ipam_pool_id": null,
            "ipv4_netmask_length": null,
            "ipv6_association_id": "",
            "ipv6_cidr_block": "",
            "ipv6_cidr_block_network_border_group": "",
            "ipv6_ipam_pool_id": "",
            "ipv6_netmask_length": 0,
            "main_route_table_id": "rtb-018f398eabc80c12c",
            "owner_id": "904236996256",
            "tags": {
              "Name": "VPC"
            },
            "tags_all": {
              "Name": "VPC"
            }
          },
          "sensitive_attributes": [],
          "private": "eyJzY2hlbWFfdmVyc2lvbiI6IjEifQ=="
        }
      ]
    }
  ]
}
