{
  "version": 4,
  "terraform_version": "1.2.4",
  "serial": 33,
  "lineage": "f49d26d0-2c5e-efa4-69b1-59e204dfd22a",
  "outputs": {
    "caldera_server_id": {
      "value": "i-08df394d52205020b",
      "type": "string"
    },
    "caldera_server_ip": {
      "value": "34.201.92.86",
      "type": "string"
    },
    "rsa_private_key": {
      "value": "-----BEGIN RSA PRIVATE KEY-----\nMIIJKAIBAAKCAgEA1/LEMcDQBd0xxjEUuoIA+s2yaQelVWHx8MBmahVm6vWpFhul\nDz9Ovv71Ksc8v2JHGi1GQnidcLQHn7zHw6ewTN/9w8Z3Cd1eqSC0URrBNK2qyPl7\nD6/NK4k5aND9O9vMBBbiYwHyrMdBb1laYWpM8fvKqTTmBbwZDQUBIausXjyomPSf\nMURPkgYRlQLCFaHM5GdaWWazZx9/+SVr3vQgDYWapF+pPrh2HW5I1B9idU3vnDTd\njpZnPc8pGwaBWZnmBI6oz1U11aJsPVrJGm1r4kGlKfy9bnwiD10f8x4GPcEK7ATG\neL4oyLkjLYBFBpTT+5qvArFYlaA1bXmZiMn7/ynfjBC6XsM4JUWArNo9Lbc9AkOx\nfJzEkje+u5B6kvoQSu9F8OLELZ6AZ4GfZRyzY9O2mnseA5WHDaO+cM2N+FnRGisY\n1ecmr7bqANa2FDtaI1NE8iwOIxhQnUnqoFf2gye2zjjNB+X+DVg0nLLKZTY7o5BU\nFrKGZT59DY5id9CgQKqf/Bs1Xt6LRSRJcMxeqOqqznqlTumlnK3Jl7AzQb9oyvKs\naLRbnOuFQAtynQvHZ8ToHpWbNdamktiF/eDfF+f3TPiiHU2CpHcL19A52jrdXScs\nPHCtvt7WWBode5H0j0idDMIeHm+2HJNbxJRXLMyNEHwiXWhxlR4VsHe8QB8CAwEA\nAQKCAgABxPp4keTid2qF/jb2RERvyamxlJ91MKVD3L+6FMzQFg05oiZbFqC1je9C\nV3mW894zR7Wwq75WgxMg6vIUF1apephgt0qYaRjyd9Miav60SMwCc5DfkwgyWCCB\nTF0W1Xk5e1qFhymO4t8VY30LGUziGrcRZd6Qo3btFWJp/TcfWo3jGvYG+FFSl/wi\n5W/jr3y3TmV+IApOSQLKbtUQcZ2lnreiqyn+2pIVMaclHdC3t1jEReae2XqlFgJ3\nNzluG4W3+ddGQ6N6SadrZUgKkGT26KTK0EhZFGlPCOtPGarhbKiDQJLDwIMjCelQ\n4SEvqZ6HDEBs3DkmmLZ3XCy24zjOXZTJALJMuT2mceCyvKFF2ps1BCe09ITjVFqn\ngjb3AKLM/GJWpcsgI4o7CYjABxnc/Hdl1wDR90AKQkx3Wygsy5ryHlOMhmmughgX\nWdQM4m+iABDyfbaS+JKHUPNdcA+9x5pGPa49GJuobYk6CPTQiFKPwZoK/fet14n0\nOjOgqmrKhJ3rLefY9rdxtGlmpM/tUd3m7htSieC2cG6sdspUTmtLQlu6rFW25D41\njqzU5JDinOhEujRmxwfHXt1azbTg+e9RrAi68Nwag4OH8Kb61aNZzTDwDXeCkHIk\nVsh+9k+PSvKvzUX1dZv4ln/tx95m9IuyRbAUONRFwRJtdBEbsQKCAQEA912PL3Us\nujCllxeDA4FWEe4Q0k5aASMDhI32sVrE+nJfoSCss5XuY5iI/F+OjO85VxgA+1jS\nbmwR/wPJzAT0K07sqmpU6Pf7dRFUu0beMUjvXkIYny7l/G3rDNHc9JoAsWk8MiMe\nOV5/Q0QDVWLZK5SHTGr9T7wzYe79jGZ6X2uWjNY5o7IaRp7Iviepco/rnaG4vsJR\ngzDP0IsEPe6k/yWDS3CjOQwOZtS1UHvJl1t2alMngxo7xqC8FsUD//+/YLm+koGn\nGkPpKEUObT7pLx/B2GQoZPDU6hxFptOY8W8T5S9+clBI1WouD8BJwf8y175NZxDI\novr52Mh02CncCQKCAQEA33x3KwSjPNBZSrUlZFDTabBf3rBPyfKsJC5zahn7AC/5\n/trh6qQHnO84u7J12538kHV0mazk1/d2efSAGCor2rqQDfM5Bqo2gmUX4oNezjry\nUBcVTW/WESjT24VFVH9i1Z8qHzmDQIZFhwqL7exR0OysomW3px4wU9U0pCOfB6Hd\naGzlWfFz/y2YmCMusq68ch00PW9QuzFuZ3CuZfjEcF0tH1+CtcNK2BFpajZvoVbh\nuI2DAM281hL++LU3WK5lAwwqHm052hOmCaFizc3lyWNL6dc3m3Cfm7hEiroJVW1b\nrsKIIicb4weqmFY4p1n3mPdeyZQ/AUtsYz+iXBYU5wKCAQEAmPlqAC5Vf7tv3DV1\nFyjX4nS4QGal8IgHt+TXR6zbngo3K3z6cIDrEPqW1IP/sxaJ/ltg2A+A6zq4El30\nYNA7c8D2SRlC82PQRQB3xu03oYD6Tu9PLLojDm2na6EpJLdMcGqlCFiBa3cN+rpH\n2Xks1m+fEFol1zaLDChw8m+5g+MUEnq04I/XAg9WE4qRlsB8NFp71rRzFk+MZOpj\nsC0yKnu3a2L3/eJ/0YX/rwsuiwTMAUr1Z3VEvDxQtUAXjixJ3PZhbVby0SJoQTgb\niOHb8QGRrlGaTXpGIZVkWZwHvF82DYjGiMkvkZN9cs42jttUROlyEqflfCz7b93f\nrIKOiQKCAQAdhIL425Pz5FDm3SYjKcnCm9kNwJvJQJQb80arLONKEwwh7ScJpsCa\nqb4EjH2klClXqyvLYFqZa8XqNbD1gBxqt1lvfkB58OFiN5gAAvnyozZ9/Y6Cu9K6\nUXop9GBD2M9lB7C4jxAW5aUpQOtacWwc/CWRDX5ERGh9qhtZ0pqel3J26GsihhGc\nEpmk/oCceRfKurC7rIgtMUozv15JeaH4dVYQXr0U5MZt417Y+HemB6OojIhRAtt+\nKuQiVU0KGX6d+G1Xt3V8qDu16ery488F2mecayCdFzL9jkj/SbMR5W/GlUsFt8Sn\nJ8wQctLox6k8Ou/6D+qCcUPPmAgJwaDhAoIBAFQMIOKSUww6XQIKNVsmj+5iYzRQ\nTAZeYuYzYbnhI2uTW03TfenttTHgqC93BBlLpPJCr4u61ieYA3DRKzMfpY5AK8gE\nBl/ldhPXE3hinFPVsep6xHhZ2CINGW/XOhiUzAumJt/n77xG5R/BLxO8DFRpoBZd\nAxmMvrweZDNdJgKlfwNJMQpRzk/aNxSNwer4zof2f2M74akqfVbEOvsfEduumzmV\noZon05LrnK35n709AU73pS/391VyqTw4p15fYuBr/UC+x96UaS7jkz1u8E4cJSZ/\nk9UatY//9PXSHrp/gMcIp9Dtvhtzy6U4jPIfHTsTgLHbK3dYgqzEjdVDwuw=\n-----END RSA PRIVATE KEY-----\n",
      "type": "string"
    }
  },
  "resources": [
    {
      "mode": "managed",
      "type": "aws_instance",
      "name": "caldera_server",
      "provider": "provider[\"registry.terraform.io/hashicorp/aws\"]",
      "instances": [
        {
          "schema_version": 1,
          "attributes": {
            "ami": "ami-09d56f8956ab235b3",
            "arn": "arn:aws:ec2:us-east-1:645643699318:instance/i-08df394d52205020b",
            "associate_public_ip_address": true,
            "availability_zone": "us-east-1a",
            "capacity_reservation_specification": [
              {
                "capacity_reservation_preference": "open",
                "capacity_reservation_target": []
              }
            ],
            "cpu_core_count": 1,
            "cpu_threads_per_core": 2,
            "credit_specification": [
              {
                "cpu_credits": "unlimited"
              }
            ],
            "disable_api_stop": false,
            "disable_api_termination": false,
            "ebs_block_device": [],
            "ebs_optimized": false,
            "enclave_options": [
              {
                "enabled": false
              }
            ],
            "ephemeral_block_device": [],
            "get_password_data": false,
            "hibernation": false,
            "host_id": null,
            "iam_instance_profile": "",
            "id": "i-08df394d52205020b",
            "instance_initiated_shutdown_behavior": "stop",
            "instance_state": "running",
            "instance_type": "t3.medium",
            "ipv6_address_count": 0,
            "ipv6_addresses": [],
            "key_name": "caldera-nodes",
            "launch_template": [],
            "maintenance_options": [
              {
                "auto_recovery": "default"
              }
            ],
            "metadata_options": [
              {
                "http_endpoint": "enabled",
                "http_put_response_hop_limit": 1,
                "http_tokens": "optional",
                "instance_metadata_tags": "disabled"
              }
            ],
            "monitoring": false,
            "network_interface": [],
            "outpost_arn": "",
            "password_data": "",
            "placement_group": "",
            "placement_partition_number": null,
            "primary_network_interface_id": "eni-096fc988aa45aae8f",
            "private_dns": "ip-172-23-4-95.ec2.internal",
            "private_dns_name_options": [
              {
                "enable_resource_name_dns_a_record": false,
                "enable_resource_name_dns_aaaa_record": false,
                "hostname_type": "ip-name"
              }
            ],
            "private_ip": "172.23.4.95",
            "public_dns": "ec2-34-201-92-86.compute-1.amazonaws.com",
            "public_ip": "34.201.92.86",
            "root_block_device": [
              {
                "delete_on_termination": true,
                "device_name": "/dev/sda1",
                "encrypted": false,
                "iops": 100,
                "kms_key_id": "",
                "tags": {},
                "throughput": 0,
                "volume_id": "vol-0c6cc8830c63d6b4a",
                "volume_size": 8,
                "volume_type": "gp2"
              }
            ],
            "secondary_private_ips": [],
            "security_groups": [],
            "source_dest_check": true,
            "subnet_id": "subnet-0ca32c8e448a7e89e",
            "tags": {
              "Name": "caldera_server",
              "environment": "caldera-test"
            },
            "tags_all": {
              "Name": "caldera_server",
              "environment": "caldera-test"
            },
            "tenancy": "default",
            "timeouts": null,
            "user_data": null,
            "user_data_base64": null,
            "user_data_replace_on_change": false,
            "volume_tags": null,
            "vpc_security_group_ids": [
              "sg-071c940cd09c607d5"
            ]
          },
          "sensitive_attributes": [],
          "private": "eyJlMmJmYjczMC1lY2FhLTExZTYtOGY4OC0zNDM2M2JjN2M0YzAiOnsiY3JlYXRlIjo2MDAwMDAwMDAwMDAsImRlbGV0ZSI6MTIwMDAwMDAwMDAwMCwidXBkYXRlIjo2MDAwMDAwMDAwMDB9LCJzY2hlbWFfdmVyc2lvbiI6IjEifQ==",
          "dependencies": [
            "aws_security_group.sg_caldera_server",
            "module.aws_rsa_key.aws_key_pair.worker",
            "module.aws_rsa_key.local_file.ssh_local",
            "module.aws_rsa_key.tls_private_key.ssh_key",
            "module.vpc.aws_cloudwatch_log_group.flow_log",
            "module.vpc.aws_customer_gateway.this",
            "module.vpc.aws_db_subnet_group.database",
            "module.vpc.aws_default_network_acl.this",
            "module.vpc.aws_default_route_table.default",
            "module.vpc.aws_default_security_group.this",
            "module.vpc.aws_default_vpc.this",
            "module.vpc.aws_egress_only_internet_gateway.this",
            "module.vpc.aws_eip.nat",
            "module.vpc.aws_elasticache_subnet_group.elasticache",
            "module.vpc.aws_flow_log.this",
            "module.vpc.aws_iam_policy.vpc_flow_log_cloudwatch",
            "module.vpc.aws_iam_role.vpc_flow_log_cloudwatch",
            "module.vpc.aws_iam_role_policy_attachment.vpc_flow_log_cloudwatch",
            "module.vpc.aws_internet_gateway.this",
            "module.vpc.aws_nat_gateway.this",
            "module.vpc.aws_network_acl.database",
            "module.vpc.aws_network_acl.elasticache",
            "module.vpc.aws_network_acl.intra",
            "module.vpc.aws_network_acl.outpost",
            "module.vpc.aws_network_acl.private",
            "module.vpc.aws_network_acl.public",
            "module.vpc.aws_network_acl.redshift",
            "module.vpc.aws_network_acl_rule.database_inbound",
            "module.vpc.aws_network_acl_rule.database_outbound",
            "module.vpc.aws_network_acl_rule.elasticache_inbound",
            "module.vpc.aws_network_acl_rule.elasticache_outbound",
            "module.vpc.aws_network_acl_rule.intra_inbound",
            "module.vpc.aws_network_acl_rule.intra_outbound",
            "module.vpc.aws_network_acl_rule.outpost_inbound",
            "module.vpc.aws_network_acl_rule.outpost_outbound",
            "module.vpc.aws_network_acl_rule.private_inbound",
            "module.vpc.aws_network_acl_rule.private_outbound",
            "module.vpc.aws_network_acl_rule.public_inbound",
            "module.vpc.aws_network_acl_rule.public_outbound",
            "module.vpc.aws_network_acl_rule.redshift_inbound",
            "module.vpc.aws_network_acl_rule.redshift_outbound",
            "module.vpc.aws_redshift_subnet_group.redshift",
            "module.vpc.aws_route.database_internet_gateway",
            "module.vpc.aws_route.database_ipv6_egress",
            "module.vpc.aws_route.database_nat_gateway",
            "module.vpc.aws_route.private_ipv6_egress",
            "module.vpc.aws_route.private_nat_gateway",
            "module.vpc.aws_route.public_internet_gateway",
            "module.vpc.aws_route.public_internet_gateway_ipv6",
            "module.vpc.aws_route_table.database",
            "module.vpc.aws_route_table.elasticache",
            "module.vpc.aws_route_table.intra",
            "module.vpc.aws_route_table.private",
            "module.vpc.aws_route_table.public",
            "module.vpc.aws_route_table.redshift",
            "module.vpc.aws_route_table_association.database",
            "module.vpc.aws_route_table_association.elasticache",
            "module.vpc.aws_route_table_association.intra",
            "module.vpc.aws_route_table_association.outpost",
            "module.vpc.aws_route_table_association.private",
            "module.vpc.aws_route_table_association.public",
            "module.vpc.aws_route_table_association.redshift",
            "module.vpc.aws_route_table_association.redshift_public",
            "module.vpc.aws_subnet.database",
            "module.vpc.aws_subnet.elasticache",
            "module.vpc.aws_subnet.intra",
            "module.vpc.aws_subnet.outpost",
            "module.vpc.aws_subnet.private",
            "module.vpc.aws_subnet.public",
            "module.vpc.aws_subnet.redshift",
            "module.vpc.aws_vpc.this",
            "module.vpc.aws_vpc_dhcp_options.this",
            "module.vpc.aws_vpc_dhcp_options_association.this",
            "module.vpc.aws_vpc_ipv4_cidr_block_association.this",
            "module.vpc.aws_vpn_gateway.this",
            "module.vpc.aws_vpn_gateway_attachment.this",
            "module.vpc.aws_vpn_gateway_route_propagation.intra",
            "module.vpc.aws_vpn_gateway_route_propagation.private",
            "module.vpc.aws_vpn_gateway_route_propagation.public",
            "module.vpc.data.aws_iam_policy_document.flow_log_cloudwatch_assume_role",
            "module.vpc.data.aws_iam_policy_document.vpc_flow_log_cloudwatch"
          ]
        }
      ]
    },
    {
      "mode": "managed",
      "type": "aws_security_group",
      "name": "sg_caldera_server",
      "provider": "provider[\"registry.terraform.io/hashicorp/aws\"]",
      "instances": [
        {
          "schema_version": 1,
          "attributes": {
            "arn": "arn:aws:ec2:us-east-1:645643699318:security-group/sg-071c940cd09c607d5",
            "description": "Allow ports for caldera server",
            "egress": [
              {
                "cidr_blocks": [
                  "0.0.0.0/0"
                ],
                "description": "",
                "from_port": 0,
                "ipv6_cidr_blocks": [],
                "prefix_list_ids": [],
                "protocol": "-1",
                "security_groups": [],
                "self": false,
                "to_port": 0
              }
            ],
            "id": "sg-071c940cd09c607d5",
            "ingress": [
              {
                "cidr_blocks": [
                  "0.0.0.0/0"
                ],
                "description": "Caldera server port",
                "from_port": 2288,
                "ipv6_cidr_blocks": [],
                "prefix_list_ids": [],
                "protocol": "tcp",
                "security_groups": [],
                "self": false,
                "to_port": 2288
              },
              {
                "cidr_blocks": [
                  "0.0.0.0/0"
                ],
                "description": "SSH from VPC",
                "from_port": 22,
                "ipv6_cidr_blocks": [],
                "prefix_list_ids": [],
                "protocol": "tcp",
                "security_groups": [],
                "self": false,
                "to_port": 22
              }
            ],
            "name": "sg_caldera_server",
            "name_prefix": "",
            "owner_id": "645643699318",
            "revoke_rules_on_delete": false,
            "tags": {
              "environment": "caldera-test"
            },
            "tags_all": {
              "environment": "caldera-test"
            },
            "timeouts": null,
            "vpc_id": "vpc-08050ce1e98b55690"
          },
          "sensitive_attributes": [],
          "private": "eyJlMmJmYjczMC1lY2FhLTExZTYtOGY4OC0zNDM2M2JjN2M0YzAiOnsiY3JlYXRlIjo2MDAwMDAwMDAwMDAsImRlbGV0ZSI6OTAwMDAwMDAwMDAwfSwic2NoZW1hX3ZlcnNpb24iOiIxIn0=",
          "dependencies": [
            "module.vpc.aws_vpc.this"
          ]
        }
      ]
    },
    {
      "module": "module.aws_rsa_key",
      "mode": "managed",
      "type": "aws_key_pair",
      "name": "worker",
      "provider": "provider[\"registry.terraform.io/hashicorp/aws\"]",
      "instances": [
        {
          "schema_version": 1,
          "attributes": {
            "arn": "arn:aws:ec2:us-east-1:645643699318:key-pair/caldera-nodes",
            "fingerprint": "f1:be:0f:41:d8:b0:e3:7e:2b:69:1f:e7:08:ac:00:f7",
            "id": "caldera-nodes",
            "key_name": "caldera-nodes",
            "key_name_prefix": "",
            "key_pair_id": "key-0dd7b1c7ce21ecb33",
            "key_type": "rsa",
            "public_key": "ssh-rsa AAAAB3NzaC1yc2EAAAADAQABAAACAQDX8sQxwNAF3THGMRS6ggD6zbJpB6VVYfHwwGZqFWbq9akWG6UPP06+/vUqxzy/YkcaLUZCeJ1wtAefvMfDp7BM3/3DxncJ3V6pILRRGsE0rarI+XsPr80riTlo0P0728wEFuJjAfKsx0FvWVphakzx+8qpNOYFvBkNBQEhq6xePKiY9J8xRE+SBhGVAsIVoczkZ1pZZrNnH3/5JWve9CANhZqkX6k+uHYdbkjUH2J1Te+cNN2Olmc9zykbBoFZmeYEjqjPVTXVomw9WskabWviQaUp/L1ufCIPXR/zHgY9wQrsBMZ4vijIuSMtgEUGlNP7mq8CsViVoDVteZmIyfv/Kd+MELpewzglRYCs2j0ttz0CQ7F8nMSSN767kHqS+hBK70Xw4sQtnoBngZ9lHLNj07aaex4DlYcNo75wzY34WdEaKxjV5yavtuoA1rYUO1ojU0TyLA4jGFCdSeqgV/aDJ7bOOM0H5f4NWDScssplNjujkFQWsoZlPn0NjmJ30KBAqp/8GzVe3otFJElwzF6o6qrOeqVO6aWcrcmXsDNBv2jK8qxotFuc64VAC3KdC8dnxOgelZs11qaS2IX94N8X5/dM+KIdTYKkdwvX0DnaOt1dJyw8cK2+3tZYGh17kfSPSJ0Mwh4eb7Yck1vElFcszI0QfCJdaHGVHhWwd7xAHw==",
            "tags": null,
            "tags_all": {}
          },
          "sensitive_attributes": [],
          "private": "eyJzY2hlbWFfdmVyc2lvbiI6IjEifQ==",
          "dependencies": [
            "module.aws_rsa_key.tls_private_key.ssh_key",
            "module.vpc.aws_cloudwatch_log_group.flow_log",
            "module.vpc.aws_customer_gateway.this",
            "module.vpc.aws_db_subnet_group.database",
            "module.vpc.aws_default_network_acl.this",
            "module.vpc.aws_default_route_table.default",
            "module.vpc.aws_default_security_group.this",
            "module.vpc.aws_default_vpc.this",
            "module.vpc.aws_egress_only_internet_gateway.this",
            "module.vpc.aws_eip.nat",
            "module.vpc.aws_elasticache_subnet_group.elasticache",
            "module.vpc.aws_flow_log.this",
            "module.vpc.aws_iam_policy.vpc_flow_log_cloudwatch",
            "module.vpc.aws_iam_role.vpc_flow_log_cloudwatch",
            "module.vpc.aws_iam_role_policy_attachment.vpc_flow_log_cloudwatch",
            "module.vpc.aws_internet_gateway.this",
            "module.vpc.aws_nat_gateway.this",
            "module.vpc.aws_network_acl.database",
            "module.vpc.aws_network_acl.elasticache",
            "module.vpc.aws_network_acl.intra",
            "module.vpc.aws_network_acl.outpost",
            "module.vpc.aws_network_acl.private",
            "module.vpc.aws_network_acl.public",
            "module.vpc.aws_network_acl.redshift",
            "module.vpc.aws_network_acl_rule.database_inbound",
            "module.vpc.aws_network_acl_rule.database_outbound",
            "module.vpc.aws_network_acl_rule.elasticache_inbound",
            "module.vpc.aws_network_acl_rule.elasticache_outbound",
            "module.vpc.aws_network_acl_rule.intra_inbound",
            "module.vpc.aws_network_acl_rule.intra_outbound",
            "module.vpc.aws_network_acl_rule.outpost_inbound",
            "module.vpc.aws_network_acl_rule.outpost_outbound",
            "module.vpc.aws_network_acl_rule.private_inbound",
            "module.vpc.aws_network_acl_rule.private_outbound",
            "module.vpc.aws_network_acl_rule.public_inbound",
            "module.vpc.aws_network_acl_rule.public_outbound",
            "module.vpc.aws_network_acl_rule.redshift_inbound",
            "module.vpc.aws_network_acl_rule.redshift_outbound",
            "module.vpc.aws_redshift_subnet_group.redshift",
            "module.vpc.aws_route.database_internet_gateway",
            "module.vpc.aws_route.database_ipv6_egress",
            "module.vpc.aws_route.database_nat_gateway",
            "module.vpc.aws_route.private_ipv6_egress",
            "module.vpc.aws_route.private_nat_gateway",
            "module.vpc.aws_route.public_internet_gateway",
            "module.vpc.aws_route.public_internet_gateway_ipv6",
            "module.vpc.aws_route_table.database",
            "module.vpc.aws_route_table.elasticache",
            "module.vpc.aws_route_table.intra",
            "module.vpc.aws_route_table.private",
            "module.vpc.aws_route_table.public",
            "module.vpc.aws_route_table.redshift",
            "module.vpc.aws_route_table_association.database",
            "module.vpc.aws_route_table_association.elasticache",
            "module.vpc.aws_route_table_association.intra",
            "module.vpc.aws_route_table_association.outpost",
            "module.vpc.aws_route_table_association.private",
            "module.vpc.aws_route_table_association.public",
            "module.vpc.aws_route_table_association.redshift",
            "module.vpc.aws_route_table_association.redshift_public",
            "module.vpc.aws_subnet.database",
            "module.vpc.aws_subnet.elasticache",
            "module.vpc.aws_subnet.intra",
            "module.vpc.aws_subnet.outpost",
            "module.vpc.aws_subnet.private",
            "module.vpc.aws_subnet.public",
            "module.vpc.aws_subnet.redshift",
            "module.vpc.aws_vpc.this",
            "module.vpc.aws_vpc_dhcp_options.this",
            "module.vpc.aws_vpc_dhcp_options_association.this",
            "module.vpc.aws_vpc_ipv4_cidr_block_association.this",
            "module.vpc.aws_vpn_gateway.this",
            "module.vpc.aws_vpn_gateway_attachment.this",
            "module.vpc.aws_vpn_gateway_route_propagation.intra",
            "module.vpc.aws_vpn_gateway_route_propagation.private",
            "module.vpc.aws_vpn_gateway_route_propagation.public",
            "module.vpc.data.aws_iam_policy_document.flow_log_cloudwatch_assume_role",
            "module.vpc.data.aws_iam_policy_document.vpc_flow_log_cloudwatch"
          ]
        }
      ]
    },
    {
      "module": "module.aws_rsa_key",
      "mode": "managed",
      "type": "tls_private_key",
      "name": "ssh_key",
      "provider": "provider[\"registry.terraform.io/hashicorp/tls\"]",
      "instances": [
        {
          "schema_version": 1,
          "attributes": {
            "algorithm": "RSA",
            "ecdsa_curve": "P224",
            "id": "a6a5aaded0ea63bb4da35cb038f8bcf553348df6",
            "private_key_openssh": "-----BEGIN OPENSSH PRIVATE KEY-----\nb3BlbnNzaC1rZXktdjEAAAAABG5vbmUAAAAEbm9uZQAAAAAAAAABAAACFwAAAAdz\nc2gtcnNhAAAAAwEAAQAAAgEA1/LEMcDQBd0xxjEUuoIA+s2yaQelVWHx8MBmahVm\n6vWpFhulDz9Ovv71Ksc8v2JHGi1GQnidcLQHn7zHw6ewTN/9w8Z3Cd1eqSC0URrB\nNK2qyPl7D6/NK4k5aND9O9vMBBbiYwHyrMdBb1laYWpM8fvKqTTmBbwZDQUBIaus\nXjyomPSfMURPkgYRlQLCFaHM5GdaWWazZx9/+SVr3vQgDYWapF+pPrh2HW5I1B9i\ndU3vnDTdjpZnPc8pGwaBWZnmBI6oz1U11aJsPVrJGm1r4kGlKfy9bnwiD10f8x4G\nPcEK7ATGeL4oyLkjLYBFBpTT+5qvArFYlaA1bXmZiMn7/ynfjBC6XsM4JUWArNo9\nLbc9AkOxfJzEkje+u5B6kvoQSu9F8OLELZ6AZ4GfZRyzY9O2mnseA5WHDaO+cM2N\n+FnRGisY1ecmr7bqANa2FDtaI1NE8iwOIxhQnUnqoFf2gye2zjjNB+X+DVg0nLLK\nZTY7o5BUFrKGZT59DY5id9CgQKqf/Bs1Xt6LRSRJcMxeqOqqznqlTumlnK3Jl7Az\nQb9oyvKsaLRbnOuFQAtynQvHZ8ToHpWbNdamktiF/eDfF+f3TPiiHU2CpHcL19A5\n2jrdXScsPHCtvt7WWBode5H0j0idDMIeHm+2HJNbxJRXLMyNEHwiXWhxlR4VsHe8\nQB8AAAc4ggaar4IGmq8AAAAHc3NoLXJzYQAAAgEA1/LEMcDQBd0xxjEUuoIA+s2y\naQelVWHx8MBmahVm6vWpFhulDz9Ovv71Ksc8v2JHGi1GQnidcLQHn7zHw6ewTN/9\nw8Z3Cd1eqSC0URrBNK2qyPl7D6/NK4k5aND9O9vMBBbiYwHyrMdBb1laYWpM8fvK\nqTTmBbwZDQUBIausXjyomPSfMURPkgYRlQLCFaHM5GdaWWazZx9/+SVr3vQgDYWa\npF+pPrh2HW5I1B9idU3vnDTdjpZnPc8pGwaBWZnmBI6oz1U11aJsPVrJGm1r4kGl\nKfy9bnwiD10f8x4GPcEK7ATGeL4oyLkjLYBFBpTT+5qvArFYlaA1bXmZiMn7/ynf\njBC6XsM4JUWArNo9Lbc9AkOxfJzEkje+u5B6kvoQSu9F8OLELZ6AZ4GfZRyzY9O2\nmnseA5WHDaO+cM2N+FnRGisY1ecmr7bqANa2FDtaI1NE8iwOIxhQnUnqoFf2gye2\nzjjNB+X+DVg0nLLKZTY7o5BUFrKGZT59DY5id9CgQKqf/Bs1Xt6LRSRJcMxeqOqq\nznqlTumlnK3Jl7AzQb9oyvKsaLRbnOuFQAtynQvHZ8ToHpWbNdamktiF/eDfF+f3\nTPiiHU2CpHcL19A52jrdXScsPHCtvt7WWBode5H0j0idDMIeHm+2HJNbxJRXLMyN\nEHwiXWhxlR4VsHe8QB8AAAADAQABAAACAAHE+niR5OJ3aoX+NvZERG/JqbGUn3Uw\npUPcv7oUzNAWDTmiJlsWoLWN70JXeZbz3jNHtbCrvlaDEyDq8hQXVql6mGC3Sphp\nGPJ30yJq/rRIzAJzkN+TCDJYIIFMXRbVeTl7WoWHKY7i3xVjfQsZTOIatxFl3pCj\ndu0VYmn9Nx9ajeMa9gb4UVKX/CLlb+OvfLdOZX4gCk5JAspu1RBxnaWet6KrKf7a\nkhUxpyUd0Le3WMRF5p7ZeqUWAnc3OW4bhbf510ZDo3pJp2tlSAqQZPbopMrQSFkU\naU8I608ZquFsqINAksPAgyMJ6VDhIS+pnocMQGzcOSaYtndcLLbjOM5dlMkAsky5\nPaZx4LK8oUXamzUEJ7T0hONUWqeCNvcAosz8YlalyyAjijsJiMAHGdz8d2XXANH3\nQApCTHdbKCzLmvIeU4yGaa6CGBdZ1Azib6IAEPJ9tpL4kodQ811wD73HmkY9rj0Y\nm6htiToI9NCIUo/Bmgr9963XifQ6M6CqasqEnest59j2t3G0aWakz+1R3ebuG1KJ\n4LZwbqx2ylROa0tCW7qsVbbkPjWOrNTkkOKc6ES6NGbHB8de3VrNtOD571GsCLrw\n3BqDg4fwpvrVo1nNMPANd4KQciRWyH72T49K8q/NRfV1m/iWf+3H3mb0i7JFsBQ4\n1EXBEm10ERuxAAABAFQMIOKSUww6XQIKNVsmj+5iYzRQTAZeYuYzYbnhI2uTW03T\nfenttTHgqC93BBlLpPJCr4u61ieYA3DRKzMfpY5AK8gEBl/ldhPXE3hinFPVsep6\nxHhZ2CINGW/XOhiUzAumJt/n77xG5R/BLxO8DFRpoBZdAxmMvrweZDNdJgKlfwNJ\nMQpRzk/aNxSNwer4zof2f2M74akqfVbEOvsfEduumzmVoZon05LrnK35n709AU73\npS/391VyqTw4p15fYuBr/UC+x96UaS7jkz1u8E4cJSZ/k9UatY//9PXSHrp/gMcI\np9Dtvhtzy6U4jPIfHTsTgLHbK3dYgqzEjdVDwuwAAAEBAPddjy91LLowpZcXgwOB\nVhHuENJOWgEjA4SN9rFaxPpyX6EgrLOV7mOYiPxfjozvOVcYAPtY0m5sEf8DycwE\n9CtO7KpqVOj3+3URVLtG3jFI715CGJ8u5fxt6wzR3PSaALFpPDIjHjlef0NEA1Vi\n2SuUh0xq/U+8M2Hu/Yxmel9rlozWOaOyGkaeyL4nqXKP652huL7CUYMwz9CLBD3u\npP8lg0twozkMDmbUtVB7yZdbdmpTJ4MaO8agvBbFA///v2C5vpKBpxpD6ShFDm0+\n6S8fwdhkKGTw1OocRabTmPFvE+UvfnJQSNVqLg/AScH/Mte+TWcQyKL6+djIdNgp\n3AkAAAEBAN98dysEozzQWUq1JWRQ02mwX96wT8nyrCQuc2oZ+wAv+f7a4eqkB5zv\nOLuyddud/JB1dJms5Nf3dnn0gBgqK9q6kA3zOQaqNoJlF+KDXs468lAXFU1v1hEo\n09uFRVR/YtWfKh85g0CGRYcKi+3sUdDsrKJlt6ceMFPVNKQjnweh3Whs5Vnxc/8t\nmJgjLrKuvHIdND1vULsxbmdwrmX4xHBdLR9fgrXDStgRaWo2b6FW4biNgwDNvNYS\n/vi1N1iuZQMMKh5tOdoTpgmhYs3N5cljS+nXN5twn5u4RIq6CVVtW67CiCInG+MH\nqphWOKdZ95j3XsmUPwFLbGM/olwWFOcAAAAAAQID\n-----END OPENSSH PRIVATE KEY-----\n",
            "private_key_pem": "-----BEGIN RSA PRIVATE KEY-----\nMIIJKAIBAAKCAgEA1/LEMcDQBd0xxjEUuoIA+s2yaQelVWHx8MBmahVm6vWpFhul\nDz9Ovv71Ksc8v2JHGi1GQnidcLQHn7zHw6ewTN/9w8Z3Cd1eqSC0URrBNK2qyPl7\nD6/NK4k5aND9O9vMBBbiYwHyrMdBb1laYWpM8fvKqTTmBbwZDQUBIausXjyomPSf\nMURPkgYRlQLCFaHM5GdaWWazZx9/+SVr3vQgDYWapF+pPrh2HW5I1B9idU3vnDTd\njpZnPc8pGwaBWZnmBI6oz1U11aJsPVrJGm1r4kGlKfy9bnwiD10f8x4GPcEK7ATG\neL4oyLkjLYBFBpTT+5qvArFYlaA1bXmZiMn7/ynfjBC6XsM4JUWArNo9Lbc9AkOx\nfJzEkje+u5B6kvoQSu9F8OLELZ6AZ4GfZRyzY9O2mnseA5WHDaO+cM2N+FnRGisY\n1ecmr7bqANa2FDtaI1NE8iwOIxhQnUnqoFf2gye2zjjNB+X+DVg0nLLKZTY7o5BU\nFrKGZT59DY5id9CgQKqf/Bs1Xt6LRSRJcMxeqOqqznqlTumlnK3Jl7AzQb9oyvKs\naLRbnOuFQAtynQvHZ8ToHpWbNdamktiF/eDfF+f3TPiiHU2CpHcL19A52jrdXScs\nPHCtvt7WWBode5H0j0idDMIeHm+2HJNbxJRXLMyNEHwiXWhxlR4VsHe8QB8CAwEA\nAQKCAgABxPp4keTid2qF/jb2RERvyamxlJ91MKVD3L+6FMzQFg05oiZbFqC1je9C\nV3mW894zR7Wwq75WgxMg6vIUF1apephgt0qYaRjyd9Miav60SMwCc5DfkwgyWCCB\nTF0W1Xk5e1qFhymO4t8VY30LGUziGrcRZd6Qo3btFWJp/TcfWo3jGvYG+FFSl/wi\n5W/jr3y3TmV+IApOSQLKbtUQcZ2lnreiqyn+2pIVMaclHdC3t1jEReae2XqlFgJ3\nNzluG4W3+ddGQ6N6SadrZUgKkGT26KTK0EhZFGlPCOtPGarhbKiDQJLDwIMjCelQ\n4SEvqZ6HDEBs3DkmmLZ3XCy24zjOXZTJALJMuT2mceCyvKFF2ps1BCe09ITjVFqn\ngjb3AKLM/GJWpcsgI4o7CYjABxnc/Hdl1wDR90AKQkx3Wygsy5ryHlOMhmmughgX\nWdQM4m+iABDyfbaS+JKHUPNdcA+9x5pGPa49GJuobYk6CPTQiFKPwZoK/fet14n0\nOjOgqmrKhJ3rLefY9rdxtGlmpM/tUd3m7htSieC2cG6sdspUTmtLQlu6rFW25D41\njqzU5JDinOhEujRmxwfHXt1azbTg+e9RrAi68Nwag4OH8Kb61aNZzTDwDXeCkHIk\nVsh+9k+PSvKvzUX1dZv4ln/tx95m9IuyRbAUONRFwRJtdBEbsQKCAQEA912PL3Us\nujCllxeDA4FWEe4Q0k5aASMDhI32sVrE+nJfoSCss5XuY5iI/F+OjO85VxgA+1jS\nbmwR/wPJzAT0K07sqmpU6Pf7dRFUu0beMUjvXkIYny7l/G3rDNHc9JoAsWk8MiMe\nOV5/Q0QDVWLZK5SHTGr9T7wzYe79jGZ6X2uWjNY5o7IaRp7Iviepco/rnaG4vsJR\ngzDP0IsEPe6k/yWDS3CjOQwOZtS1UHvJl1t2alMngxo7xqC8FsUD//+/YLm+koGn\nGkPpKEUObT7pLx/B2GQoZPDU6hxFptOY8W8T5S9+clBI1WouD8BJwf8y175NZxDI\novr52Mh02CncCQKCAQEA33x3KwSjPNBZSrUlZFDTabBf3rBPyfKsJC5zahn7AC/5\n/trh6qQHnO84u7J12538kHV0mazk1/d2efSAGCor2rqQDfM5Bqo2gmUX4oNezjry\nUBcVTW/WESjT24VFVH9i1Z8qHzmDQIZFhwqL7exR0OysomW3px4wU9U0pCOfB6Hd\naGzlWfFz/y2YmCMusq68ch00PW9QuzFuZ3CuZfjEcF0tH1+CtcNK2BFpajZvoVbh\nuI2DAM281hL++LU3WK5lAwwqHm052hOmCaFizc3lyWNL6dc3m3Cfm7hEiroJVW1b\nrsKIIicb4weqmFY4p1n3mPdeyZQ/AUtsYz+iXBYU5wKCAQEAmPlqAC5Vf7tv3DV1\nFyjX4nS4QGal8IgHt+TXR6zbngo3K3z6cIDrEPqW1IP/sxaJ/ltg2A+A6zq4El30\nYNA7c8D2SRlC82PQRQB3xu03oYD6Tu9PLLojDm2na6EpJLdMcGqlCFiBa3cN+rpH\n2Xks1m+fEFol1zaLDChw8m+5g+MUEnq04I/XAg9WE4qRlsB8NFp71rRzFk+MZOpj\nsC0yKnu3a2L3/eJ/0YX/rwsuiwTMAUr1Z3VEvDxQtUAXjixJ3PZhbVby0SJoQTgb\niOHb8QGRrlGaTXpGIZVkWZwHvF82DYjGiMkvkZN9cs42jttUROlyEqflfCz7b93f\nrIKOiQKCAQAdhIL425Pz5FDm3SYjKcnCm9kNwJvJQJQb80arLONKEwwh7ScJpsCa\nqb4EjH2klClXqyvLYFqZa8XqNbD1gBxqt1lvfkB58OFiN5gAAvnyozZ9/Y6Cu9K6\nUXop9GBD2M9lB7C4jxAW5aUpQOtacWwc/CWRDX5ERGh9qhtZ0pqel3J26GsihhGc\nEpmk/oCceRfKurC7rIgtMUozv15JeaH4dVYQXr0U5MZt417Y+HemB6OojIhRAtt+\nKuQiVU0KGX6d+G1Xt3V8qDu16ery488F2mecayCdFzL9jkj/SbMR5W/GlUsFt8Sn\nJ8wQctLox6k8Ou/6D+qCcUPPmAgJwaDhAoIBAFQMIOKSUww6XQIKNVsmj+5iYzRQ\nTAZeYuYzYbnhI2uTW03TfenttTHgqC93BBlLpPJCr4u61ieYA3DRKzMfpY5AK8gE\nBl/ldhPXE3hinFPVsep6xHhZ2CINGW/XOhiUzAumJt/n77xG5R/BLxO8DFRpoBZd\nAxmMvrweZDNdJgKlfwNJMQpRzk/aNxSNwer4zof2f2M74akqfVbEOvsfEduumzmV\noZon05LrnK35n709AU73pS/391VyqTw4p15fYuBr/UC+x96UaS7jkz1u8E4cJSZ/\nk9UatY//9PXSHrp/gMcIp9Dtvhtzy6U4jPIfHTsTgLHbK3dYgqzEjdVDwuw=\n-----END RSA PRIVATE KEY-----\n",
            "private_key_pem_pkcs8": "-----BEGIN PRIVATE KEY-----\nMIIJQgIBADANBgkqhkiG9w0BAQEFAASCCSwwggkoAgEAAoICAQDX8sQxwNAF3THG\nMRS6ggD6zbJpB6VVYfHwwGZqFWbq9akWG6UPP06+/vUqxzy/YkcaLUZCeJ1wtAef\nvMfDp7BM3/3DxncJ3V6pILRRGsE0rarI+XsPr80riTlo0P0728wEFuJjAfKsx0Fv\nWVphakzx+8qpNOYFvBkNBQEhq6xePKiY9J8xRE+SBhGVAsIVoczkZ1pZZrNnH3/5\nJWve9CANhZqkX6k+uHYdbkjUH2J1Te+cNN2Olmc9zykbBoFZmeYEjqjPVTXVomw9\nWskabWviQaUp/L1ufCIPXR/zHgY9wQrsBMZ4vijIuSMtgEUGlNP7mq8CsViVoDVt\neZmIyfv/Kd+MELpewzglRYCs2j0ttz0CQ7F8nMSSN767kHqS+hBK70Xw4sQtnoBn\ngZ9lHLNj07aaex4DlYcNo75wzY34WdEaKxjV5yavtuoA1rYUO1ojU0TyLA4jGFCd\nSeqgV/aDJ7bOOM0H5f4NWDScssplNjujkFQWsoZlPn0NjmJ30KBAqp/8GzVe3otF\nJElwzF6o6qrOeqVO6aWcrcmXsDNBv2jK8qxotFuc64VAC3KdC8dnxOgelZs11qaS\n2IX94N8X5/dM+KIdTYKkdwvX0DnaOt1dJyw8cK2+3tZYGh17kfSPSJ0Mwh4eb7Yc\nk1vElFcszI0QfCJdaHGVHhWwd7xAHwIDAQABAoICAAHE+niR5OJ3aoX+NvZERG/J\nqbGUn3UwpUPcv7oUzNAWDTmiJlsWoLWN70JXeZbz3jNHtbCrvlaDEyDq8hQXVql6\nmGC3SphpGPJ30yJq/rRIzAJzkN+TCDJYIIFMXRbVeTl7WoWHKY7i3xVjfQsZTOIa\ntxFl3pCjdu0VYmn9Nx9ajeMa9gb4UVKX/CLlb+OvfLdOZX4gCk5JAspu1RBxnaWe\nt6KrKf7akhUxpyUd0Le3WMRF5p7ZeqUWAnc3OW4bhbf510ZDo3pJp2tlSAqQZPbo\npMrQSFkUaU8I608ZquFsqINAksPAgyMJ6VDhIS+pnocMQGzcOSaYtndcLLbjOM5d\nlMkAsky5PaZx4LK8oUXamzUEJ7T0hONUWqeCNvcAosz8YlalyyAjijsJiMAHGdz8\nd2XXANH3QApCTHdbKCzLmvIeU4yGaa6CGBdZ1Azib6IAEPJ9tpL4kodQ811wD73H\nmkY9rj0Ym6htiToI9NCIUo/Bmgr9963XifQ6M6CqasqEnest59j2t3G0aWakz+1R\n3ebuG1KJ4LZwbqx2ylROa0tCW7qsVbbkPjWOrNTkkOKc6ES6NGbHB8de3VrNtOD5\n71GsCLrw3BqDg4fwpvrVo1nNMPANd4KQciRWyH72T49K8q/NRfV1m/iWf+3H3mb0\ni7JFsBQ41EXBEm10ERuxAoIBAQD3XY8vdSy6MKWXF4MDgVYR7hDSTloBIwOEjfax\nWsT6cl+hIKyzle5jmIj8X46M7zlXGAD7WNJubBH/A8nMBPQrTuyqalTo9/t1EVS7\nRt4xSO9eQhifLuX8besM0dz0mgCxaTwyIx45Xn9DRANVYtkrlIdMav1PvDNh7v2M\nZnpfa5aM1jmjshpGnsi+J6lyj+udobi+wlGDMM/QiwQ97qT/JYNLcKM5DA5m1LVQ\ne8mXW3ZqUyeDGjvGoLwWxQP//79gub6SgacaQ+koRQ5tPukvH8HYZChk8NTqHEWm\n05jxbxPlL35yUEjVai4PwEnB/zLXvk1nEMii+vnYyHTYKdwJAoIBAQDffHcrBKM8\n0FlKtSVkUNNpsF/esE/J8qwkLnNqGfsAL/n+2uHqpAec7zi7snXbnfyQdXSZrOTX\n93Z59IAYKivaupAN8zkGqjaCZRfig17OOvJQFxVNb9YRKNPbhUVUf2LVnyofOYNA\nhkWHCovt7FHQ7KyiZbenHjBT1TSkI58Hod1obOVZ8XP/LZiYIy6yrrxyHTQ9b1C7\nMW5ncK5l+MRwXS0fX4K1w0rYEWlqNm+hVuG4jYMAzbzWEv74tTdYrmUDDCoebTna\nE6YJoWLNzeXJY0vp1zebcJ+buESKuglVbVuuwogiJxvjB6qYVjinWfeY917JlD8B\nS2xjP6JcFhTnAoIBAQCY+WoALlV/u2/cNXUXKNfidLhAZqXwiAe35NdHrNueCjcr\nfPpwgOsQ+pbUg/+zFon+W2DYD4DrOrgSXfRg0DtzwPZJGULzY9BFAHfG7TehgPpO\n708suiMObadroSkkt0xwaqUIWIFrdw36ukfZeSzWb58QWiXXNosMKHDyb7mD4xQS\nerTgj9cCD1YTipGWwHw0WnvWtHMWT4xk6mOwLTIqe7drYvf94n/Rhf+vCy6LBMwB\nSvVndUS8PFC1QBeOLEnc9mFtVvLRImhBOBuI4dvxAZGuUZpNekYhlWRZnAe8XzYN\niMaIyS+Rk31yzjaO21RE6XISp+V8LPtv3d+sgo6JAoIBAB2Egvjbk/PkUObdJiMp\nycKb2Q3Am8lAlBvzRqss40oTDCHtJwmmwJqpvgSMfaSUKVerK8tgWplrxeo1sPWA\nHGq3WW9+QHnw4WI3mAAC+fKjNn39joK70rpRein0YEPYz2UHsLiPEBblpSlA61px\nbBz8JZENfkREaH2qG1nSmp6XcnboayKGEZwSmaT+gJx5F8q6sLusiC0xSjO/Xkl5\nofh1VhBevRTkxm3jXtj4d6YHo6iMiFEC234q5CJVTQoZfp34bVe3dXyoO7Xp6vLj\nzwXaZ5xrIJ0XMv2OSP9JsxHlb8aVSwW3xKcnzBBy0ujHqTw67/oP6oJxQ8+YCAnB\noOECggEAVAwg4pJTDDpdAgo1WyaP7mJjNFBMBl5i5jNhueEja5NbTdN96e21MeCo\nL3cEGUuk8kKvi7rWJ5gDcNErMx+ljkAryAQGX+V2E9cTeGKcU9Wx6nrEeFnYIg0Z\nb9c6GJTMC6Ym3+fvvEblH8EvE7wMVGmgFl0DGYy+vB5kM10mAqV/A0kxClHOT9o3\nFI3B6vjOh/Z/YzvhqSp9VsQ6+x8R266bOZWhmifTkuucrfmfvT0BTvelL/f3VXKp\nPDinXl9i4Gv9QL7H3pRpLuOTPW7wThwlJn+T1Rq1j//09dIeun+Axwin0O2+G3PL\npTiM8h8dOxOAsdsrd1iCrMSN1UPC7A==\n-----END PRIVATE KEY-----\n",
            "public_key_fingerprint_md5": "02:1c:f7:89:6d:30:85:8c:89:7c:34:7e:5f:6e:d6:3c",
            "public_key_fingerprint_sha256": "SHA256:PRlgdHFL/PXaOU2Ef1X85UoKMdJppV6h2+OOyiS6jgc",
            "public_key_openssh": "ssh-rsa AAAAB3NzaC1yc2EAAAADAQABAAACAQDX8sQxwNAF3THGMRS6ggD6zbJpB6VVYfHwwGZqFWbq9akWG6UPP06+/vUqxzy/YkcaLUZCeJ1wtAefvMfDp7BM3/3DxncJ3V6pILRRGsE0rarI+XsPr80riTlo0P0728wEFuJjAfKsx0FvWVphakzx+8qpNOYFvBkNBQEhq6xePKiY9J8xRE+SBhGVAsIVoczkZ1pZZrNnH3/5JWve9CANhZqkX6k+uHYdbkjUH2J1Te+cNN2Olmc9zykbBoFZmeYEjqjPVTXVomw9WskabWviQaUp/L1ufCIPXR/zHgY9wQrsBMZ4vijIuSMtgEUGlNP7mq8CsViVoDVteZmIyfv/Kd+MELpewzglRYCs2j0ttz0CQ7F8nMSSN767kHqS+hBK70Xw4sQtnoBngZ9lHLNj07aaex4DlYcNo75wzY34WdEaKxjV5yavtuoA1rYUO1ojU0TyLA4jGFCdSeqgV/aDJ7bOOM0H5f4NWDScssplNjujkFQWsoZlPn0NjmJ30KBAqp/8GzVe3otFJElwzF6o6qrOeqVO6aWcrcmXsDNBv2jK8qxotFuc64VAC3KdC8dnxOgelZs11qaS2IX94N8X5/dM+KIdTYKkdwvX0DnaOt1dJyw8cK2+3tZYGh17kfSPSJ0Mwh4eb7Yck1vElFcszI0QfCJdaHGVHhWwd7xAHw==\n",
            "public_key_pem": "-----BEGIN PUBLIC KEY-----\nMIICIjANBgkqhkiG9w0BAQEFAAOCAg8AMIICCgKCAgEA1/LEMcDQBd0xxjEUuoIA\n+s2yaQelVWHx8MBmahVm6vWpFhulDz9Ovv71Ksc8v2JHGi1GQnidcLQHn7zHw6ew\nTN/9w8Z3Cd1eqSC0URrBNK2qyPl7D6/NK4k5aND9O9vMBBbiYwHyrMdBb1laYWpM\n8fvKqTTmBbwZDQUBIausXjyomPSfMURPkgYRlQLCFaHM5GdaWWazZx9/+SVr3vQg\nDYWapF+pPrh2HW5I1B9idU3vnDTdjpZnPc8pGwaBWZnmBI6oz1U11aJsPVrJGm1r\n4kGlKfy9bnwiD10f8x4GPcEK7ATGeL4oyLkjLYBFBpTT+5qvArFYlaA1bXmZiMn7\n/ynfjBC6XsM4JUWArNo9Lbc9AkOxfJzEkje+u5B6kvoQSu9F8OLELZ6AZ4GfZRyz\nY9O2mnseA5WHDaO+cM2N+FnRGisY1ecmr7bqANa2FDtaI1NE8iwOIxhQnUnqoFf2\ngye2zjjNB+X+DVg0nLLKZTY7o5BUFrKGZT59DY5id9CgQKqf/Bs1Xt6LRSRJcMxe\nqOqqznqlTumlnK3Jl7AzQb9oyvKsaLRbnOuFQAtynQvHZ8ToHpWbNdamktiF/eDf\nF+f3TPiiHU2CpHcL19A52jrdXScsPHCtvt7WWBode5H0j0idDMIeHm+2HJNbxJRX\nLMyNEHwiXWhxlR4VsHe8QB8CAwEAAQ==\n-----END PUBLIC KEY-----\n",
            "rsa_bits": 4096
          },
          "sensitive_attributes": [],
          "dependencies": [
            "module.vpc.aws_cloudwatch_log_group.flow_log",
            "module.vpc.aws_customer_gateway.this",
            "module.vpc.aws_db_subnet_group.database",
            "module.vpc.aws_default_network_acl.this",
            "module.vpc.aws_default_route_table.default",
            "module.vpc.aws_default_security_group.this",
            "module.vpc.aws_default_vpc.this",
            "module.vpc.aws_egress_only_internet_gateway.this",
            "module.vpc.aws_eip.nat",
            "module.vpc.aws_elasticache_subnet_group.elasticache",
            "module.vpc.aws_flow_log.this",
            "module.vpc.aws_iam_policy.vpc_flow_log_cloudwatch",
            "module.vpc.aws_iam_role.vpc_flow_log_cloudwatch",
            "module.vpc.aws_iam_role_policy_attachment.vpc_flow_log_cloudwatch",
            "module.vpc.aws_internet_gateway.this",
            "module.vpc.aws_nat_gateway.this",
            "module.vpc.aws_network_acl.database",
            "module.vpc.aws_network_acl.elasticache",
            "module.vpc.aws_network_acl.intra",
            "module.vpc.aws_network_acl.outpost",
            "module.vpc.aws_network_acl.private",
            "module.vpc.aws_network_acl.public",
            "module.vpc.aws_network_acl.redshift",
            "module.vpc.aws_network_acl_rule.database_inbound",
            "module.vpc.aws_network_acl_rule.database_outbound",
            "module.vpc.aws_network_acl_rule.elasticache_inbound",
            "module.vpc.aws_network_acl_rule.elasticache_outbound",
            "module.vpc.aws_network_acl_rule.intra_inbound",
            "module.vpc.aws_network_acl_rule.intra_outbound",
            "module.vpc.aws_network_acl_rule.outpost_inbound",
            "module.vpc.aws_network_acl_rule.outpost_outbound",
            "module.vpc.aws_network_acl_rule.private_inbound",
            "module.vpc.aws_network_acl_rule.private_outbound",
            "module.vpc.aws_network_acl_rule.public_inbound",
            "module.vpc.aws_network_acl_rule.public_outbound",
            "module.vpc.aws_network_acl_rule.redshift_inbound",
            "module.vpc.aws_network_acl_rule.redshift_outbound",
            "module.vpc.aws_redshift_subnet_group.redshift",
            "module.vpc.aws_route.database_internet_gateway",
            "module.vpc.aws_route.database_ipv6_egress",
            "module.vpc.aws_route.database_nat_gateway",
            "module.vpc.aws_route.private_ipv6_egress",
            "module.vpc.aws_route.private_nat_gateway",
            "module.vpc.aws_route.public_internet_gateway",
            "module.vpc.aws_route.public_internet_gateway_ipv6",
            "module.vpc.aws_route_table.database",
            "module.vpc.aws_route_table.elasticache",
            "module.vpc.aws_route_table.intra",
            "module.vpc.aws_route_table.private",
            "module.vpc.aws_route_table.public",
            "module.vpc.aws_route_table.redshift",
            "module.vpc.aws_route_table_association.database",
            "module.vpc.aws_route_table_association.elasticache",
            "module.vpc.aws_route_table_association.intra",
            "module.vpc.aws_route_table_association.outpost",
            "module.vpc.aws_route_table_association.private",
            "module.vpc.aws_route_table_association.public",
            "module.vpc.aws_route_table_association.redshift",
            "module.vpc.aws_route_table_association.redshift_public",
            "module.vpc.aws_subnet.database",
            "module.vpc.aws_subnet.elasticache",
            "module.vpc.aws_subnet.intra",
            "module.vpc.aws_subnet.outpost",
            "module.vpc.aws_subnet.private",
            "module.vpc.aws_subnet.public",
            "module.vpc.aws_subnet.redshift",
            "module.vpc.aws_vpc.this",
            "module.vpc.aws_vpc_dhcp_options.this",
            "module.vpc.aws_vpc_dhcp_options_association.this",
            "module.vpc.aws_vpc_ipv4_cidr_block_association.this",
            "module.vpc.aws_vpn_gateway.this",
            "module.vpc.aws_vpn_gateway_attachment.this",
            "module.vpc.aws_vpn_gateway_route_propagation.intra",
            "module.vpc.aws_vpn_gateway_route_propagation.private",
            "module.vpc.aws_vpn_gateway_route_propagation.public",
            "module.vpc.data.aws_iam_policy_document.flow_log_cloudwatch_assume_role",
            "module.vpc.data.aws_iam_policy_document.vpc_flow_log_cloudwatch"
          ]
        }
      ]
    },
    {
      "module": "module.vpc",
      "mode": "managed",
      "type": "aws_eip",
      "name": "nat",
      "provider": "provider[\"registry.terraform.io/hashicorp/aws\"]",
      "instances": [
        {
          "index_key": 0,
          "schema_version": 0,
          "attributes": {
            "address": null,
            "allocation_id": "eipalloc-0e4bcbf152f515bc8",
            "associate_with_private_ip": null,
            "association_id": "",
            "carrier_ip": "",
            "customer_owned_ip": "",
            "customer_owned_ipv4_pool": "",
            "domain": "vpc",
            "id": "eipalloc-0e4bcbf152f515bc8",
            "instance": "",
            "network_border_group": "us-east-1",
            "network_interface": "",
            "private_dns": null,
            "private_ip": "",
            "public_dns": "ec2-67-202-19-194.compute-1.amazonaws.com",
            "public_ip": "67.202.19.194",
            "public_ipv4_pool": "amazon",
            "tags": {
              "Name": "VPC-us-east-1a"
            },
            "tags_all": {
              "Name": "VPC-us-east-1a"
            },
            "timeouts": null,
            "vpc": true
          },
          "sensitive_attributes": [],
          "private": "eyJlMmJmYjczMC1lY2FhLTExZTYtOGY4OC0zNDM2M2JjN2M0YzAiOnsiZGVsZXRlIjoxODAwMDAwMDAwMDAsInJlYWQiOjkwMDAwMDAwMDAwMCwidXBkYXRlIjozMDAwMDAwMDAwMDB9fQ=="
        }
      ]
    },
    {
      "module": "module.vpc",
      "mode": "managed",
      "type": "aws_internet_gateway",
      "name": "this",
      "provider": "provider[\"registry.terraform.io/hashicorp/aws\"]",
      "instances": [
        {
          "index_key": 0,
          "schema_version": 0,
          "attributes": {
            "arn": "arn:aws:ec2:us-east-1:645643699318:internet-gateway/igw-037ca0a2e6ece9ec8",
            "id": "igw-037ca0a2e6ece9ec8",
            "owner_id": "645643699318",
            "tags": {
              "Name": "VPC"
            },
            "tags_all": {
              "Name": "VPC"
            },
            "vpc_id": "vpc-08050ce1e98b55690"
          },
          "sensitive_attributes": [],
          "private": "bnVsbA==",
          "dependencies": [
            "module.vpc.aws_vpc.this",
            "module.vpc.aws_vpc_ipv4_cidr_block_association.this"
          ]
        }
      ]
    },
    {
      "module": "module.vpc",
      "mode": "managed",
      "type": "aws_nat_gateway",
      "name": "this",
      "provider": "provider[\"registry.terraform.io/hashicorp/aws\"]",
      "instances": [
        {
          "index_key": 0,
          "schema_version": 0,
          "attributes": {
            "allocation_id": "eipalloc-0e4bcbf152f515bc8",
            "connectivity_type": "public",
            "id": "nat-016bcf649376eb592",
            "network_interface_id": "eni-04196109193824a40",
            "private_ip": "172.23.6.88",
            "public_ip": "67.202.19.194",
            "subnet_id": "subnet-0ca32c8e448a7e89e",
            "tags": {
              "Name": "caldera-test_natgateway"
            },
            "tags_all": {
              "Name": "caldera-test_natgateway"
            }
          },
          "sensitive_attributes": [],
          "private": "bnVsbA==",
          "dependencies": [
            "module.vpc.aws_eip.nat",
            "module.vpc.aws_internet_gateway.this",
            "module.vpc.aws_subnet.public",
            "module.vpc.aws_vpc.this",
            "module.vpc.aws_vpc_ipv4_cidr_block_association.this"
          ]
        }
      ]
    },
    {
      "module": "module.vpc",
      "mode": "managed",
      "type": "aws_route",
      "name": "private_nat_gateway",
      "provider": "provider[\"registry.terraform.io/hashicorp/aws\"]",
      "instances": [
        {
          "index_key": 0,
          "schema_version": 0,
          "attributes": {
            "carrier_gateway_id": "",
            "core_network_arn": "",
            "destination_cidr_block": "0.0.0.0/0",
            "destination_ipv6_cidr_block": "",
            "destination_prefix_list_id": "",
            "egress_only_gateway_id": "",
            "gateway_id": "",
            "id": "r-rtb-01c84ee289f4131141080289494",
            "instance_id": "",
            "instance_owner_id": "",
            "local_gateway_id": "",
            "nat_gateway_id": "nat-016bcf649376eb592",
            "network_interface_id": "",
            "origin": "CreateRoute",
            "route_table_id": "rtb-01c84ee289f413114",
            "state": "active",
            "timeouts": {
              "create": "5m",
              "delete": null,
              "update": null
            },
            "transit_gateway_id": "",
            "vpc_endpoint_id": "",
            "vpc_peering_connection_id": ""
          },
          "sensitive_attributes": [],
          "private": "eyJlMmJmYjczMC1lY2FhLTExZTYtOGY4OC0zNDM2M2JjN2M0YzAiOnsiY3JlYXRlIjozMDAwMDAwMDAwMDAsImRlbGV0ZSI6MzAwMDAwMDAwMDAwLCJ1cGRhdGUiOjEyMDAwMDAwMDAwMH19",
          "dependencies": [
            "module.vpc.aws_eip.nat",
            "module.vpc.aws_internet_gateway.this",
            "module.vpc.aws_nat_gateway.this",
            "module.vpc.aws_route_table.private",
            "module.vpc.aws_subnet.public",
            "module.vpc.aws_vpc.this",
            "module.vpc.aws_vpc_ipv4_cidr_block_association.this"
          ]
        }
      ]
    },
    {
      "module": "module.vpc",
      "mode": "managed",
      "type": "aws_route",
      "name": "public_internet_gateway",
      "provider": "provider[\"registry.terraform.io/hashicorp/aws\"]",
      "instances": [
        {
          "index_key": 0,
          "schema_version": 0,
          "attributes": {
            "carrier_gateway_id": "",
            "core_network_arn": "",
            "destination_cidr_block": "0.0.0.0/0",
            "destination_ipv6_cidr_block": "",
            "destination_prefix_list_id": "",
            "egress_only_gateway_id": "",
            "gateway_id": "igw-037ca0a2e6ece9ec8",
            "id": "r-rtb-02af8041a01e6d0341080289494",
            "instance_id": "",
            "instance_owner_id": "",
            "local_gateway_id": "",
            "nat_gateway_id": "",
            "network_interface_id": "",
            "origin": "CreateRoute",
            "route_table_id": "rtb-02af8041a01e6d034",
            "state": "active",
            "timeouts": {
              "create": "5m",
              "delete": null,
              "update": null
            },
            "transit_gateway_id": "",
            "vpc_endpoint_id": "",
            "vpc_peering_connection_id": ""
          },
          "sensitive_attributes": [],
          "private": "eyJlMmJmYjczMC1lY2FhLTExZTYtOGY4OC0zNDM2M2JjN2M0YzAiOnsiY3JlYXRlIjozMDAwMDAwMDAwMDAsImRlbGV0ZSI6MzAwMDAwMDAwMDAwLCJ1cGRhdGUiOjEyMDAwMDAwMDAwMH19",
          "dependencies": [
            "module.vpc.aws_internet_gateway.this",
            "module.vpc.aws_route_table.public",
            "module.vpc.aws_vpc.this",
            "module.vpc.aws_vpc_ipv4_cidr_block_association.this"
          ]
        }
      ]
    },
    {
      "module": "module.vpc",
      "mode": "managed",
      "type": "aws_route_table",
      "name": "private",
      "provider": "provider[\"registry.terraform.io/hashicorp/aws\"]",
      "instances": [
        {
          "index_key": 0,
          "schema_version": 0,
          "attributes": {
            "arn": "arn:aws:ec2:us-east-1:645643699318:route-table/rtb-01c84ee289f413114",
            "id": "rtb-01c84ee289f413114",
            "owner_id": "645643699318",
            "propagating_vgws": [],
            "route": [],
            "tags": {
              "Name": "VPC-private"
            },
            "tags_all": {
              "Name": "VPC-private"
            },
            "timeouts": null,
            "vpc_id": "vpc-08050ce1e98b55690"
          },
          "sensitive_attributes": [],
          "private": "eyJlMmJmYjczMC1lY2FhLTExZTYtOGY4OC0zNDM2M2JjN2M0YzAiOnsiY3JlYXRlIjozMDAwMDAwMDAwMDAsImRlbGV0ZSI6MzAwMDAwMDAwMDAwLCJ1cGRhdGUiOjEyMDAwMDAwMDAwMH19",
          "dependencies": [
            "module.vpc.aws_vpc.this",
            "module.vpc.aws_vpc_ipv4_cidr_block_association.this"
          ]
        }
      ]
    },
    {
      "module": "module.vpc",
      "mode": "managed",
      "type": "aws_route_table",
      "name": "public",
      "provider": "provider[\"registry.terraform.io/hashicorp/aws\"]",
      "instances": [
        {
          "index_key": 0,
          "schema_version": 0,
          "attributes": {
            "arn": "arn:aws:ec2:us-east-1:645643699318:route-table/rtb-02af8041a01e6d034",
            "id": "rtb-02af8041a01e6d034",
            "owner_id": "645643699318",
            "propagating_vgws": [],
            "route": [],
            "tags": {
              "Name": "VPC-public"
            },
            "tags_all": {
              "Name": "VPC-public"
            },
            "timeouts": null,
            "vpc_id": "vpc-08050ce1e98b55690"
          },
          "sensitive_attributes": [],
          "private": "eyJlMmJmYjczMC1lY2FhLTExZTYtOGY4OC0zNDM2M2JjN2M0YzAiOnsiY3JlYXRlIjozMDAwMDAwMDAwMDAsImRlbGV0ZSI6MzAwMDAwMDAwMDAwLCJ1cGRhdGUiOjEyMDAwMDAwMDAwMH19",
          "dependencies": [
            "module.vpc.aws_vpc.this",
            "module.vpc.aws_vpc_ipv4_cidr_block_association.this"
          ]
        }
      ]
    },
    {
      "module": "module.vpc",
      "mode": "managed",
      "type": "aws_route_table_association",
      "name": "private",
      "provider": "provider[\"registry.terraform.io/hashicorp/aws\"]",
      "instances": [
        {
          "index_key": 0,
          "schema_version": 0,
          "attributes": {
            "gateway_id": "",
            "id": "rtbassoc-0377d26a4207ba6c4",
            "route_table_id": "rtb-01c84ee289f413114",
            "subnet_id": "subnet-0ebfd2af3d0642a36"
          },
          "sensitive_attributes": [],
          "private": "bnVsbA==",
          "dependencies": [
            "module.vpc.aws_route_table.private",
            "module.vpc.aws_subnet.private",
            "module.vpc.aws_vpc.this",
            "module.vpc.aws_vpc_ipv4_cidr_block_association.this"
          ]
        },
        {
          "index_key": 1,
          "schema_version": 0,
          "attributes": {
            "gateway_id": "",
            "id": "rtbassoc-055c850e530b2ea8b",
            "route_table_id": "rtb-01c84ee289f413114",
            "subnet_id": "subnet-03f274b556910f29e"
          },
          "sensitive_attributes": [],
          "private": "bnVsbA==",
          "dependencies": [
            "module.vpc.aws_route_table.private",
            "module.vpc.aws_subnet.private",
            "module.vpc.aws_vpc.this",
            "module.vpc.aws_vpc_ipv4_cidr_block_association.this"
          ]
        },
        {
          "index_key": 2,
          "schema_version": 0,
          "attributes": {
            "gateway_id": "",
            "id": "rtbassoc-0a78c0d3e102c8e64",
            "route_table_id": "rtb-01c84ee289f413114",
            "subnet_id": "subnet-0c07916bf17bc02c4"
          },
          "sensitive_attributes": [],
          "private": "bnVsbA==",
          "dependencies": [
            "module.vpc.aws_route_table.private",
            "module.vpc.aws_subnet.private",
            "module.vpc.aws_vpc.this",
            "module.vpc.aws_vpc_ipv4_cidr_block_association.this"
          ]
        },
        {
          "index_key": 3,
          "schema_version": 0,
          "attributes": {
            "gateway_id": "",
            "id": "rtbassoc-02125411286852baf",
            "route_table_id": "rtb-01c84ee289f413114",
            "subnet_id": "subnet-0a278566964d6902d"
          },
          "sensitive_attributes": [],
          "private": "bnVsbA==",
          "dependencies": [
            "module.vpc.aws_route_table.private",
            "module.vpc.aws_subnet.private",
            "module.vpc.aws_vpc.this",
            "module.vpc.aws_vpc_ipv4_cidr_block_association.this"
          ]
        },
        {
          "index_key": 4,
          "schema_version": 0,
          "attributes": {
            "gateway_id": "",
            "id": "rtbassoc-0b824d6d2446eaf0c",
            "route_table_id": "rtb-01c84ee289f413114",
            "subnet_id": "subnet-06009cf6530589571"
          },
          "sensitive_attributes": [],
          "private": "bnVsbA==",
          "dependencies": [
            "module.vpc.aws_route_table.private",
            "module.vpc.aws_subnet.private",
            "module.vpc.aws_vpc.this",
            "module.vpc.aws_vpc_ipv4_cidr_block_association.this"
          ]
        }
      ]
    },
    {
      "module": "module.vpc",
      "mode": "managed",
      "type": "aws_route_table_association",
      "name": "public",
      "provider": "provider[\"registry.terraform.io/hashicorp/aws\"]",
      "instances": [
        {
          "index_key": 0,
          "schema_version": 0,
          "attributes": {
            "gateway_id": "",
            "id": "rtbassoc-04f146739656e48c5",
            "route_table_id": "rtb-02af8041a01e6d034",
            "subnet_id": "subnet-0ca32c8e448a7e89e"
          },
          "sensitive_attributes": [],
          "private": "bnVsbA==",
          "dependencies": [
            "module.vpc.aws_route_table.public",
            "module.vpc.aws_subnet.public",
            "module.vpc.aws_vpc.this",
            "module.vpc.aws_vpc_ipv4_cidr_block_association.this"
          ]
        },
        {
          "index_key": 1,
          "schema_version": 0,
          "attributes": {
            "gateway_id": "",
            "id": "rtbassoc-05b476a2616018579",
            "route_table_id": "rtb-02af8041a01e6d034",
            "subnet_id": "subnet-07c1dfe3ac99b9102"
          },
          "sensitive_attributes": [],
          "private": "bnVsbA==",
          "dependencies": [
            "module.vpc.aws_route_table.public",
            "module.vpc.aws_subnet.public",
            "module.vpc.aws_vpc.this",
            "module.vpc.aws_vpc_ipv4_cidr_block_association.this"
          ]
        },
        {
          "index_key": 2,
          "schema_version": 0,
          "attributes": {
            "gateway_id": "",
            "id": "rtbassoc-0cc0d0bce354c44a6",
            "route_table_id": "rtb-02af8041a01e6d034",
            "subnet_id": "subnet-0d64ab7e00519e60f"
          },
          "sensitive_attributes": [],
          "private": "bnVsbA==",
          "dependencies": [
            "module.vpc.aws_route_table.public",
            "module.vpc.aws_subnet.public",
            "module.vpc.aws_vpc.this",
            "module.vpc.aws_vpc_ipv4_cidr_block_association.this"
          ]
        },
        {
          "index_key": 3,
          "schema_version": 0,
          "attributes": {
            "gateway_id": "",
            "id": "rtbassoc-0b84b9f964d5dd12d",
            "route_table_id": "rtb-02af8041a01e6d034",
            "subnet_id": "subnet-06f40ac98cce979ac"
          },
          "sensitive_attributes": [],
          "private": "bnVsbA==",
          "dependencies": [
            "module.vpc.aws_route_table.public",
            "module.vpc.aws_subnet.public",
            "module.vpc.aws_vpc.this",
            "module.vpc.aws_vpc_ipv4_cidr_block_association.this"
          ]
        },
        {
          "index_key": 4,
          "schema_version": 0,
          "attributes": {
            "gateway_id": "",
            "id": "rtbassoc-0bb428ce16878c068",
            "route_table_id": "rtb-02af8041a01e6d034",
            "subnet_id": "subnet-049083dc5d7856267"
          },
          "sensitive_attributes": [],
          "private": "bnVsbA==",
          "dependencies": [
            "module.vpc.aws_route_table.public",
            "module.vpc.aws_subnet.public",
            "module.vpc.aws_vpc.this",
            "module.vpc.aws_vpc_ipv4_cidr_block_association.this"
          ]
        }
      ]
    },
    {
      "module": "module.vpc",
      "mode": "managed",
      "type": "aws_subnet",
      "name": "private",
      "provider": "provider[\"registry.terraform.io/hashicorp/aws\"]",
      "instances": [
        {
          "index_key": 0,
          "schema_version": 1,
          "attributes": {
            "arn": "arn:aws:ec2:us-east-1:645643699318:subnet/subnet-0ebfd2af3d0642a36",
            "assign_ipv6_address_on_creation": false,
            "availability_zone": "us-east-1a",
            "availability_zone_id": "use1-az4",
            "cidr_block": "172.23.0.0/22",
            "customer_owned_ipv4_pool": "",
            "enable_dns64": false,
            "enable_resource_name_dns_a_record_on_launch": false,
            "enable_resource_name_dns_aaaa_record_on_launch": false,
            "id": "subnet-0ebfd2af3d0642a36",
            "ipv6_cidr_block": "",
            "ipv6_cidr_block_association_id": "",
            "ipv6_native": false,
            "map_customer_owned_ip_on_launch": false,
            "map_public_ip_on_launch": false,
            "outpost_arn": "",
            "owner_id": "645643699318",
            "private_dns_hostname_type_on_launch": "ip-name",
            "tags": {
              "Name": "caldera-test_private"
            },
            "tags_all": {
              "Name": "caldera-test_private"
            },
            "timeouts": null,
            "vpc_id": "vpc-08050ce1e98b55690"
          },
          "sensitive_attributes": [],
          "private": "eyJlMmJmYjczMC1lY2FhLTExZTYtOGY4OC0zNDM2M2JjN2M0YzAiOnsiY3JlYXRlIjo2MDAwMDAwMDAwMDAsImRlbGV0ZSI6MTIwMDAwMDAwMDAwMH0sInNjaGVtYV92ZXJzaW9uIjoiMSJ9",
          "dependencies": [
            "module.vpc.aws_vpc.this",
            "module.vpc.aws_vpc_ipv4_cidr_block_association.this"
          ]
        },
        {
          "index_key": 1,
          "schema_version": 1,
          "attributes": {
            "arn": "arn:aws:ec2:us-east-1:645643699318:subnet/subnet-03f274b556910f29e",
            "assign_ipv6_address_on_creation": false,
            "availability_zone": "us-east-1b",
            "availability_zone_id": "use1-az6",
            "cidr_block": "172.23.32.0/22",
            "customer_owned_ipv4_pool": "",
            "enable_dns64": false,
            "enable_resource_name_dns_a_record_on_launch": false,
            "enable_resource_name_dns_aaaa_record_on_launch": false,
            "id": "subnet-03f274b556910f29e",
            "ipv6_cidr_block": "",
            "ipv6_cidr_block_association_id": "",
            "ipv6_native": false,
            "map_customer_owned_ip_on_launch": false,
            "map_public_ip_on_launch": false,
            "outpost_arn": "",
            "owner_id": "645643699318",
            "private_dns_hostname_type_on_launch": "ip-name",
            "tags": {
              "Name": "caldera-test_private"
            },
            "tags_all": {
              "Name": "caldera-test_private"
            },
            "timeouts": null,
            "vpc_id": "vpc-08050ce1e98b55690"
          },
          "sensitive_attributes": [],
          "private": "eyJlMmJmYjczMC1lY2FhLTExZTYtOGY4OC0zNDM2M2JjN2M0YzAiOnsiY3JlYXRlIjo2MDAwMDAwMDAwMDAsImRlbGV0ZSI6MTIwMDAwMDAwMDAwMH0sInNjaGVtYV92ZXJzaW9uIjoiMSJ9",
          "dependencies": [
            "module.vpc.aws_vpc.this",
            "module.vpc.aws_vpc_ipv4_cidr_block_association.this"
          ]
        },
        {
          "index_key": 2,
          "schema_version": 1,
          "attributes": {
            "arn": "arn:aws:ec2:us-east-1:645643699318:subnet/subnet-0c07916bf17bc02c4",
            "assign_ipv6_address_on_creation": false,
            "availability_zone": "us-east-1c",
            "availability_zone_id": "use1-az1",
            "cidr_block": "172.23.64.0/22",
            "customer_owned_ipv4_pool": "",
            "enable_dns64": false,
            "enable_resource_name_dns_a_record_on_launch": false,
            "enable_resource_name_dns_aaaa_record_on_launch": false,
            "id": "subnet-0c07916bf17bc02c4",
            "ipv6_cidr_block": "",
            "ipv6_cidr_block_association_id": "",
            "ipv6_native": false,
            "map_customer_owned_ip_on_launch": false,
            "map_public_ip_on_launch": false,
            "outpost_arn": "",
            "owner_id": "645643699318",
            "private_dns_hostname_type_on_launch": "ip-name",
            "tags": {
              "Name": "caldera-test_private"
            },
            "tags_all": {
              "Name": "caldera-test_private"
            },
            "timeouts": null,
            "vpc_id": "vpc-08050ce1e98b55690"
          },
          "sensitive_attributes": [],
          "private": "eyJlMmJmYjczMC1lY2FhLTExZTYtOGY4OC0zNDM2M2JjN2M0YzAiOnsiY3JlYXRlIjo2MDAwMDAwMDAwMDAsImRlbGV0ZSI6MTIwMDAwMDAwMDAwMH0sInNjaGVtYV92ZXJzaW9uIjoiMSJ9",
          "dependencies": [
            "module.vpc.aws_vpc.this",
            "module.vpc.aws_vpc_ipv4_cidr_block_association.this"
          ]
        },
        {
          "index_key": 3,
          "schema_version": 1,
          "attributes": {
            "arn": "arn:aws:ec2:us-east-1:645643699318:subnet/subnet-0a278566964d6902d",
            "assign_ipv6_address_on_creation": false,
            "availability_zone": "us-east-1d",
            "availability_zone_id": "use1-az2",
            "cidr_block": "172.23.96.0/22",
            "customer_owned_ipv4_pool": "",
            "enable_dns64": false,
            "enable_resource_name_dns_a_record_on_launch": false,
            "enable_resource_name_dns_aaaa_record_on_launch": false,
            "id": "subnet-0a278566964d6902d",
            "ipv6_cidr_block": "",
            "ipv6_cidr_block_association_id": "",
            "ipv6_native": false,
            "map_customer_owned_ip_on_launch": false,
            "map_public_ip_on_launch": false,
            "outpost_arn": "",
            "owner_id": "645643699318",
            "private_dns_hostname_type_on_launch": "ip-name",
            "tags": {
              "Name": "caldera-test_private"
            },
            "tags_all": {
              "Name": "caldera-test_private"
            },
            "timeouts": null,
            "vpc_id": "vpc-08050ce1e98b55690"
          },
          "sensitive_attributes": [],
          "private": "eyJlMmJmYjczMC1lY2FhLTExZTYtOGY4OC0zNDM2M2JjN2M0YzAiOnsiY3JlYXRlIjo2MDAwMDAwMDAwMDAsImRlbGV0ZSI6MTIwMDAwMDAwMDAwMH0sInNjaGVtYV92ZXJzaW9uIjoiMSJ9",
          "dependencies": [
            "module.vpc.aws_vpc.this",
            "module.vpc.aws_vpc_ipv4_cidr_block_association.this"
          ]
        },
        {
          "index_key": 4,
          "schema_version": 1,
          "attributes": {
            "arn": "arn:aws:ec2:us-east-1:645643699318:subnet/subnet-06009cf6530589571",
            "assign_ipv6_address_on_creation": false,
            "availability_zone": "us-east-1f",
            "availability_zone_id": "use1-az5",
            "cidr_block": "172.23.160.0/22",
            "customer_owned_ipv4_pool": "",
            "enable_dns64": false,
            "enable_resource_name_dns_a_record_on_launch": false,
            "enable_resource_name_dns_aaaa_record_on_launch": false,
            "id": "subnet-06009cf6530589571",
            "ipv6_cidr_block": "",
            "ipv6_cidr_block_association_id": "",
            "ipv6_native": false,
            "map_customer_owned_ip_on_launch": false,
            "map_public_ip_on_launch": false,
            "outpost_arn": "",
            "owner_id": "645643699318",
            "private_dns_hostname_type_on_launch": "ip-name",
            "tags": {
              "Name": "caldera-test_private"
            },
            "tags_all": {
              "Name": "caldera-test_private"
            },
            "timeouts": null,
            "vpc_id": "vpc-08050ce1e98b55690"
          },
          "sensitive_attributes": [],
          "private": "eyJlMmJmYjczMC1lY2FhLTExZTYtOGY4OC0zNDM2M2JjN2M0YzAiOnsiY3JlYXRlIjo2MDAwMDAwMDAwMDAsImRlbGV0ZSI6MTIwMDAwMDAwMDAwMH0sInNjaGVtYV92ZXJzaW9uIjoiMSJ9",
          "dependencies": [
            "module.vpc.aws_vpc.this",
            "module.vpc.aws_vpc_ipv4_cidr_block_association.this"
          ]
        }
      ]
    },
    {
      "module": "module.vpc",
      "mode": "managed",
      "type": "aws_subnet",
      "name": "public",
      "provider": "provider[\"registry.terraform.io/hashicorp/aws\"]",
      "instances": [
        {
          "index_key": 0,
          "schema_version": 1,
          "attributes": {
            "arn": "arn:aws:ec2:us-east-1:645643699318:subnet/subnet-0ca32c8e448a7e89e",
            "assign_ipv6_address_on_creation": false,
            "availability_zone": "us-east-1a",
            "availability_zone_id": "use1-az4",
            "cidr_block": "172.23.4.0/22",
            "customer_owned_ipv4_pool": "",
            "enable_dns64": false,
            "enable_resource_name_dns_a_record_on_launch": false,
            "enable_resource_name_dns_aaaa_record_on_launch": false,
            "id": "subnet-0ca32c8e448a7e89e",
            "ipv6_cidr_block": "",
            "ipv6_cidr_block_association_id": "",
            "ipv6_native": false,
            "map_customer_owned_ip_on_launch": false,
            "map_public_ip_on_launch": true,
            "outpost_arn": "",
            "owner_id": "645643699318",
            "private_dns_hostname_type_on_launch": "ip-name",
            "tags": {
              "Name": "caldera-test_public"
            },
            "tags_all": {
              "Name": "caldera-test_public"
            },
            "timeouts": null,
            "vpc_id": "vpc-08050ce1e98b55690"
          },
          "sensitive_attributes": [],
          "private": "eyJlMmJmYjczMC1lY2FhLTExZTYtOGY4OC0zNDM2M2JjN2M0YzAiOnsiY3JlYXRlIjo2MDAwMDAwMDAwMDAsImRlbGV0ZSI6MTIwMDAwMDAwMDAwMH0sInNjaGVtYV92ZXJzaW9uIjoiMSJ9",
          "dependencies": [
            "module.vpc.aws_vpc.this",
            "module.vpc.aws_vpc_ipv4_cidr_block_association.this"
          ]
        },
        {
          "index_key": 1,
          "schema_version": 1,
          "attributes": {
            "arn": "arn:aws:ec2:us-east-1:645643699318:subnet/subnet-07c1dfe3ac99b9102",
            "assign_ipv6_address_on_creation": false,
            "availability_zone": "us-east-1b",
            "availability_zone_id": "use1-az6",
            "cidr_block": "172.23.36.0/22",
            "customer_owned_ipv4_pool": "",
            "enable_dns64": false,
            "enable_resource_name_dns_a_record_on_launch": false,
            "enable_resource_name_dns_aaaa_record_on_launch": false,
            "id": "subnet-07c1dfe3ac99b9102",
            "ipv6_cidr_block": "",
            "ipv6_cidr_block_association_id": "",
            "ipv6_native": false,
            "map_customer_owned_ip_on_launch": false,
            "map_public_ip_on_launch": true,
            "outpost_arn": "",
            "owner_id": "645643699318",
            "private_dns_hostname_type_on_launch": "ip-name",
            "tags": {
              "Name": "caldera-test_public"
            },
            "tags_all": {
              "Name": "caldera-test_public"
            },
            "timeouts": null,
            "vpc_id": "vpc-08050ce1e98b55690"
          },
          "sensitive_attributes": [],
          "private": "eyJlMmJmYjczMC1lY2FhLTExZTYtOGY4OC0zNDM2M2JjN2M0YzAiOnsiY3JlYXRlIjo2MDAwMDAwMDAwMDAsImRlbGV0ZSI6MTIwMDAwMDAwMDAwMH0sInNjaGVtYV92ZXJzaW9uIjoiMSJ9",
          "dependencies": [
            "module.vpc.aws_vpc.this",
            "module.vpc.aws_vpc_ipv4_cidr_block_association.this"
          ]
        },
        {
          "index_key": 2,
          "schema_version": 1,
          "attributes": {
            "arn": "arn:aws:ec2:us-east-1:645643699318:subnet/subnet-0d64ab7e00519e60f",
            "assign_ipv6_address_on_creation": false,
            "availability_zone": "us-east-1c",
            "availability_zone_id": "use1-az1",
            "cidr_block": "172.23.68.0/22",
            "customer_owned_ipv4_pool": "",
            "enable_dns64": false,
            "enable_resource_name_dns_a_record_on_launch": false,
            "enable_resource_name_dns_aaaa_record_on_launch": false,
            "id": "subnet-0d64ab7e00519e60f",
            "ipv6_cidr_block": "",
            "ipv6_cidr_block_association_id": "",
            "ipv6_native": false,
            "map_customer_owned_ip_on_launch": false,
            "map_public_ip_on_launch": true,
            "outpost_arn": "",
            "owner_id": "645643699318",
            "private_dns_hostname_type_on_launch": "ip-name",
            "tags": {
              "Name": "caldera-test_public"
            },
            "tags_all": {
              "Name": "caldera-test_public"
            },
            "timeouts": null,
            "vpc_id": "vpc-08050ce1e98b55690"
          },
          "sensitive_attributes": [],
          "private": "eyJlMmJmYjczMC1lY2FhLTExZTYtOGY4OC0zNDM2M2JjN2M0YzAiOnsiY3JlYXRlIjo2MDAwMDAwMDAwMDAsImRlbGV0ZSI6MTIwMDAwMDAwMDAwMH0sInNjaGVtYV92ZXJzaW9uIjoiMSJ9",
          "dependencies": [
            "module.vpc.aws_vpc.this",
            "module.vpc.aws_vpc_ipv4_cidr_block_association.this"
          ]
        },
        {
          "index_key": 3,
          "schema_version": 1,
          "attributes": {
            "arn": "arn:aws:ec2:us-east-1:645643699318:subnet/subnet-06f40ac98cce979ac",
            "assign_ipv6_address_on_creation": false,
            "availability_zone": "us-east-1d",
            "availability_zone_id": "use1-az2",
            "cidr_block": "172.23.100.0/22",
            "customer_owned_ipv4_pool": "",
            "enable_dns64": false,
            "enable_resource_name_dns_a_record_on_launch": false,
            "enable_resource_name_dns_aaaa_record_on_launch": false,
            "id": "subnet-06f40ac98cce979ac",
            "ipv6_cidr_block": "",
            "ipv6_cidr_block_association_id": "",
            "ipv6_native": false,
            "map_customer_owned_ip_on_launch": false,
            "map_public_ip_on_launch": true,
            "outpost_arn": "",
            "owner_id": "645643699318",
            "private_dns_hostname_type_on_launch": "ip-name",
            "tags": {
              "Name": "caldera-test_public"
            },
            "tags_all": {
              "Name": "caldera-test_public"
            },
            "timeouts": null,
            "vpc_id": "vpc-08050ce1e98b55690"
          },
          "sensitive_attributes": [],
          "private": "eyJlMmJmYjczMC1lY2FhLTExZTYtOGY4OC0zNDM2M2JjN2M0YzAiOnsiY3JlYXRlIjo2MDAwMDAwMDAwMDAsImRlbGV0ZSI6MTIwMDAwMDAwMDAwMH0sInNjaGVtYV92ZXJzaW9uIjoiMSJ9",
          "dependencies": [
            "module.vpc.aws_vpc.this",
            "module.vpc.aws_vpc_ipv4_cidr_block_association.this"
          ]
        },
        {
          "index_key": 4,
          "schema_version": 1,
          "attributes": {
            "arn": "arn:aws:ec2:us-east-1:645643699318:subnet/subnet-049083dc5d7856267",
            "assign_ipv6_address_on_creation": false,
            "availability_zone": "us-east-1f",
            "availability_zone_id": "use1-az5",
            "cidr_block": "172.23.164.0/22",
            "customer_owned_ipv4_pool": "",
            "enable_dns64": false,
            "enable_resource_name_dns_a_record_on_launch": false,
            "enable_resource_name_dns_aaaa_record_on_launch": false,
            "id": "subnet-049083dc5d7856267",
            "ipv6_cidr_block": "",
            "ipv6_cidr_block_association_id": "",
            "ipv6_native": false,
            "map_customer_owned_ip_on_launch": false,
            "map_public_ip_on_launch": true,
            "outpost_arn": "",
            "owner_id": "645643699318",
            "private_dns_hostname_type_on_launch": "ip-name",
            "tags": {
              "Name": "caldera-test_public"
            },
            "tags_all": {
              "Name": "caldera-test_public"
            },
            "timeouts": null,
            "vpc_id": "vpc-08050ce1e98b55690"
          },
          "sensitive_attributes": [],
          "private": "eyJlMmJmYjczMC1lY2FhLTExZTYtOGY4OC0zNDM2M2JjN2M0YzAiOnsiY3JlYXRlIjo2MDAwMDAwMDAwMDAsImRlbGV0ZSI6MTIwMDAwMDAwMDAwMH0sInNjaGVtYV92ZXJzaW9uIjoiMSJ9",
          "dependencies": [
            "module.vpc.aws_vpc.this",
            "module.vpc.aws_vpc_ipv4_cidr_block_association.this"
          ]
        }
      ]
    },
    {
      "module": "module.vpc",
      "mode": "managed",
      "type": "aws_vpc",
      "name": "this",
      "provider": "provider[\"registry.terraform.io/hashicorp/aws\"]",
      "instances": [
        {
          "index_key": 0,
          "schema_version": 1,
          "attributes": {
            "arn": "arn:aws:ec2:us-east-1:645643699318:vpc/vpc-08050ce1e98b55690",
            "assign_generated_ipv6_cidr_block": false,
            "cidr_block": "172.23.0.0/16",
            "default_network_acl_id": "acl-01b715ee7f7cae535",
            "default_route_table_id": "rtb-0bca09c1b7b1f1726",
            "default_security_group_id": "sg-0807c28f89edf3784",
            "dhcp_options_id": "dopt-09bff930558da3292",
            "enable_classiclink": false,
            "enable_classiclink_dns_support": false,
            "enable_dns_hostnames": true,
            "enable_dns_support": true,
            "id": "vpc-08050ce1e98b55690",
            "instance_tenancy": "default",
            "ipv4_ipam_pool_id": null,
            "ipv4_netmask_length": null,
            "ipv6_association_id": "",
            "ipv6_cidr_block": "",
            "ipv6_cidr_block_network_border_group": "",
            "ipv6_ipam_pool_id": "",
            "ipv6_netmask_length": 0,
            "main_route_table_id": "rtb-0bca09c1b7b1f1726",
            "owner_id": "645643699318",
            "tags": {
              "Name": "VPC"
            },
            "tags_all": {
              "Name": "VPC"
            }
          },
          "sensitive_attributes": [],
          "private": "eyJzY2hlbWFfdmVyc2lvbiI6IjEifQ=="
        }
      ]
    }
  ]
}
