{
  "version": 4,
  "terraform_version": "1.2.4",
  "serial": 38,
  "lineage": "0994ce35-7a0e-3cc1-981a-34cd7e28ccc7",
  "outputs": {
    "caldera_server_ip": {
      "value": "34.238.232.152",
      "type": "string"
    },
    "linux_host_ip": {
      "value": "172.23.0.4",
      "type": "string"
    },
    "rsa_private_key": {
      "value": "-----BEGIN RSA PRIVATE KEY-----\nMIIJJwIBAAKCAgEAwbObb5GUe3xP7PRQXwShCOSrQByY68yYI1MQfyaHac0GVd9f\n/p4rtywj5VXnSzosAGRq/3IJ3d7iL5l5ICrH9v+ieEb6dAEUdWrYQ8jTrUNsADao\n7sBxwJxnJKfBH6K5owW4l938xtlazbISvHpfK2351ep6NB5M6NdGlB/W1zyTX0ke\n1zdZgzRPqkD7sb2k6xX+c538uxn9BwjRGCbioiCyhd9KS+0A6ndyRx1g5xME9TyC\nm+I73UCyU5eGsmjq9t6T3Ck6lfaThWvUd1cm6Yvq3Vy5TJ7HrNBuwbI8E9xl9b3R\ncTjvRzggRlOn/TZqX3ZK8Jks0EPSqvvjLtJqwqFcX8RceEYKFb6APr6lSiPmKWlO\nO1tgjs/1C/+AtyUXLhLP1v5jyHFyXsjJSXojKexBfqvF3T8+kCEBwElk5nOuf2km\njEz/A9RSpkJblzGkwmEjLrG7hEWrRXIKqytqlTtnnyjlcxAexL4q84PIc1r5vYMN\ne2tuMhqwMjYkfnD9IqFA/3jUEsnLkBAt3KRCdBhY+twGuxvsjxLhMYuHJ0UL8vzd\nB3hwKjCaVEE15N0ARgDApNaShrJlWcSpb8M3+7lcNFP4vOLXjnTf4jyCdDJY1WlD\njByxd4bLGP6MKM7rDG+CmUFKLdb9LArfuSAOJbb+Z+rylQSxtc4F4BmwkD0CAwEA\nAQKCAgBCyzNzQokoF9Lby9eXHFqHXYrr/bCBxzhDHhaXMesKAcgIfpF0lIhQjqkG\nIRwz5ahcrkPzOBjM6Fmovkx1WitAMiCNRzSAIgsy/hf7L9pGafRpEnAofDX9jDFJ\nA4vl49ANtiBURhkvXK4iNiCd27jLmg3HxSZEqJouxGUzGNOVvu62sdkvr4dvZe9+\nrw/b16Bx7FCk/7qxriGBdnnb0TTfYVUOMtRE4EIrl+rROQE8TWOtSSNkq5unDPMx\nPhQVm3ZCkLf9+D2ajr+KB4fpayUg7b2cfafsEuiZ3/oBUvvCgYKrPbxmRZLFRUZj\n2d8YwtXlez4WP0ujuW+AxIEvmSF0yGhxmTqHCJXF1813vvIkNAGUivrmc5SOSowW\nu1nK8EX0XyWkeOhyV5QPa+YaTApgGpMvHo/KfnZQ7ddJr+SdlZXCeMmQ/Cx5fciP\n8QzQhSTHvfZDQPXCZII9lO/0yuri+TkWOPs21hQzUOPHegMBvr0QaER/jKaKBI7w\nZJ80KsnOOHrtHgVkQcKHqocQw7Zr0YmvZPOnIKqPmVfTpFH/hJi1bIaq1lLNn+IS\n4XftvfnvFi7EQwa4hakAdGwjaCdIG15p+FybRCo4jCRq1gzesM+uX1j//DXgcgLP\nT8QlsyTm+TcGk0ZvKgH0YoXENrEKSiWgm8Cx2OPiPvRos6UDoQKCAQEA3K9r4BWj\n10dOajlVnsfG8/KmZOLlfBkZpespQPAuuuHuXf5eqsmkTwR25gkKay/qxVORtMxP\nyx8VjYh6yPi6v2hXyHtzn30kLZ0mu9Owg5wSRZ0r1ECK50LD9N3wu5Cio2cel8zj\ni3Pm0teC+nVfheQ/RodmBdZDZFSnv7WfcIgkTWkODDyvLoJDOrzQj6PI4y6z37cV\nN3uLhl1cabCboKpxlpEICbKIkMxjX0FhEsfljxBpZpYXaY9O5m8E1yUNaSsZFGvU\nvnOliAkXMkXGjUzIhDjKAEO6vGcHM+io/iN2difZ554GJ4WmertQIw/iFkkhYKqn\nN7B/kkQscqBnBQKCAQEA4LLGcp9AsUT0VB1pAx3DR3KjlCeIaXfxVBsz9fDfqXEW\nR2bMlr5jQOK1SMl82cTs1SCK1W8OfLv+EaczReBYOIBKA1WPziYzUQBPmfYGWmtG\ntx+6lD7ANHnzJsU9Q8FeA+wp3KvE6jAfzS5kohT4Gr3Y499WpOG0KDn6DDoYvYgp\nBO50y3rOOTBXAW5WJSUoyiT6AUt9YUpH2JmSLrMIw4TQfROJBZOGp+4UurqJOnjv\nFYmNtu7hWj2/ltJN9vPJl5AwdOjnucFBW7S4DJAFVn61q1VThn5h0TUZqG83MFi6\ntY6KiTofgGut+cjq2LT75axrfNHoXjteMFpzl67Z2QKCAQB7GK6HlAqL7o5i2hBU\nPQNQ16zQ4W84RZf04LNmMZMfUx7u9xA/G7K3ELpxneFd4KCH6RGBU+W+W1xeUh6L\nM5KXadBtV88qy1b+yoXshywSfWADzKPCBS51yNwdHh9FwGu30bFS40qZYtECEoxQ\nwF/EA4j4AlZ6MwXsVPwtB1YkIwx80XiwgrkErExr2x5KwQUxE7/pren7xMIS9Miz\ne3uTpv8tCUD+h8N9YUScwY8wNqhpoLHqMxZkHzfXeV2t1FEitJOMvIkyordWpht2\nQ015S7cdab/jXeQvaxitb72z5HwTdC8r7w1nxjkShKEyrY1i+O/RR992RNEj+TsB\nxU8xAoIBAGN4QMl1HlpbQB4MdvReNJhoc2meppCp/DdTY4k4fIqx+T7ajy8cUSvk\nMIRsTczJlF407cDWTP+C6VI/Rj9ktSkuAZXARszntEfjb1mkw+M7Ii7m6N2/ea7B\nXZaIMjrQWyI5Zb6+e4mAjFN0ejAWQE72RBF8SQrsr6gvIjZPcaxVnnMEbMe3MZu3\nfoyvn4sKDCiQfewc0wBCtdN5CHGL6BFFtlXoU/wX9sBYcOzIrv8nkg9iuU2GKlSc\niTfnGYR9H3zs48adZBejKZ/DPMay6uoDZcDXIQak5ACNFTKvKStJ3D2LQGDHTjK3\neGjfPLd6RxjBX0P+WHN+rI+TOyCm0uECggEAWp97XYvdrkae2LZ6hF4+jnEdNU0R\n+NfFfyA1G8XIsBuGBw3AoppLX/Gb+1/0L2xJ2JRsq1D704oJ45ZkKnhjyPnK8Lk0\nzR2ZUKiPcprM/SWXU/5hCPg1zCbmqUxpzq8plcgFbQuDUL5koqcuaUr/s2TzNdQu\n6wh/1B8qvU0vHSK+Hb0+eUOMBqABGVzNf08ps0A+jFkrwytr6eZ22iYkgFB88ty4\n7J812Ez/55tl6ciWGvcvY1yXiGfakjizD9WtvHAlZRi09kkv3O/K88tcLDjde3fs\nZzAnmRIcJZA+AgjoqSb5B5JGWK++m6RjlHzk4MWw/nALcEcnXalTnL+bCw==\n-----END RSA PRIVATE KEY-----\n",
      "type": "string"
    },
    "windows_host_ip": {
      "value": "172.23.7.128",
      "type": "string"
    }
  },
  "resources": [
    {
      "mode": "managed",
      "type": "aws_instance",
      "name": "caldera_server",
      "provider": "provider[\"registry.terraform.io/hashicorp/aws\"]",
      "instances": [
        {
          "schema_version": 1,
          "attributes": {
            "ami": "ami-09d56f8956ab235b3",
            "arn": "arn:aws:ec2:us-east-1:391416143899:instance/i-0cc6345198079c53d",
            "associate_public_ip_address": true,
            "availability_zone": "us-east-1a",
            "capacity_reservation_specification": [
              {
                "capacity_reservation_preference": "open",
                "capacity_reservation_target": []
              }
            ],
            "cpu_core_count": 1,
            "cpu_threads_per_core": 2,
            "credit_specification": [
              {
                "cpu_credits": "unlimited"
              }
            ],
            "disable_api_stop": false,
            "disable_api_termination": false,
            "ebs_block_device": [],
            "ebs_optimized": false,
            "enclave_options": [
              {
                "enabled": false
              }
            ],
            "ephemeral_block_device": [],
            "get_password_data": false,
            "hibernation": false,
            "host_id": null,
            "iam_instance_profile": "",
            "id": "i-0cc6345198079c53d",
            "instance_initiated_shutdown_behavior": "stop",
            "instance_state": "running",
            "instance_type": "t3.medium",
            "ipv6_address_count": 0,
            "ipv6_addresses": [],
            "key_name": "caldera-nodes",
            "launch_template": [],
            "maintenance_options": [
              {
                "auto_recovery": "default"
              }
            ],
            "metadata_options": [
              {
                "http_endpoint": "enabled",
                "http_put_response_hop_limit": 1,
                "http_tokens": "optional",
                "instance_metadata_tags": "disabled"
              }
            ],
            "monitoring": false,
            "network_interface": [],
            "outpost_arn": "",
            "password_data": "",
            "placement_group": "",
            "placement_partition_number": null,
            "primary_network_interface_id": "eni-025418a7c5be1cee2",
            "private_dns": "ip-172-23-6-95.ec2.internal",
            "private_dns_name_options": [
              {
                "enable_resource_name_dns_a_record": false,
                "enable_resource_name_dns_aaaa_record": false,
                "hostname_type": "ip-name"
              }
            ],
            "private_ip": "172.23.6.95",
            "public_dns": "ec2-34-238-232-152.compute-1.amazonaws.com",
            "public_ip": "34.238.232.152",
            "root_block_device": [
              {
                "delete_on_termination": true,
                "device_name": "/dev/sda1",
                "encrypted": true,
                "iops": 100,
                "kms_key_id": "arn:aws:kms:us-east-1:391416143899:key/ad11de44-cbed-4cea-bae4-3735ca9c75f1",
                "tags": {},
                "throughput": 0,
                "volume_id": "vol-0d3924eac96904ade",
                "volume_size": 8,
                "volume_type": "gp2"
              }
            ],
            "secondary_private_ips": [],
            "security_groups": [],
            "source_dest_check": true,
            "subnet_id": "subnet-0488afc7c77dc6c46",
            "tags": {
              "Name": "caldera_server",
              "environment": "caldera-test"
            },
            "tags_all": {
              "Name": "caldera_server",
              "environment": "caldera-test"
            },
            "tenancy": "default",
            "timeouts": null,
            "user_data": null,
            "user_data_base64": null,
            "user_data_replace_on_change": false,
            "volume_tags": null,
            "vpc_security_group_ids": [
              "sg-0259fbd39f7ac78f8"
            ]
          },
          "sensitive_attributes": [],
          "private": "eyJlMmJmYjczMC1lY2FhLTExZTYtOGY4OC0zNDM2M2JjN2M0YzAiOnsiY3JlYXRlIjo2MDAwMDAwMDAwMDAsImRlbGV0ZSI6MTIwMDAwMDAwMDAwMCwidXBkYXRlIjo2MDAwMDAwMDAwMDB9LCJzY2hlbWFfdmVyc2lvbiI6IjEifQ==",
          "dependencies": [
            "aws_security_group.sg_caldera_server",
            "module.aws_rsa_key.aws_key_pair.worker",
            "module.aws_rsa_key.local_file.ssh_local",
            "module.aws_rsa_key.tls_private_key.ssh_key",
            "module.vpc.aws_cloudwatch_log_group.flow_log",
            "module.vpc.aws_customer_gateway.this",
            "module.vpc.aws_db_subnet_group.database",
            "module.vpc.aws_default_network_acl.this",
            "module.vpc.aws_default_route_table.default",
            "module.vpc.aws_default_security_group.this",
            "module.vpc.aws_default_vpc.this",
            "module.vpc.aws_egress_only_internet_gateway.this",
            "module.vpc.aws_eip.nat",
            "module.vpc.aws_elasticache_subnet_group.elasticache",
            "module.vpc.aws_flow_log.this",
            "module.vpc.aws_iam_policy.vpc_flow_log_cloudwatch",
            "module.vpc.aws_iam_role.vpc_flow_log_cloudwatch",
            "module.vpc.aws_iam_role_policy_attachment.vpc_flow_log_cloudwatch",
            "module.vpc.aws_internet_gateway.this",
            "module.vpc.aws_nat_gateway.this",
            "module.vpc.aws_network_acl.database",
            "module.vpc.aws_network_acl.elasticache",
            "module.vpc.aws_network_acl.intra",
            "module.vpc.aws_network_acl.outpost",
            "module.vpc.aws_network_acl.private",
            "module.vpc.aws_network_acl.public",
            "module.vpc.aws_network_acl.redshift",
            "module.vpc.aws_network_acl_rule.database_inbound",
            "module.vpc.aws_network_acl_rule.database_outbound",
            "module.vpc.aws_network_acl_rule.elasticache_inbound",
            "module.vpc.aws_network_acl_rule.elasticache_outbound",
            "module.vpc.aws_network_acl_rule.intra_inbound",
            "module.vpc.aws_network_acl_rule.intra_outbound",
            "module.vpc.aws_network_acl_rule.outpost_inbound",
            "module.vpc.aws_network_acl_rule.outpost_outbound",
            "module.vpc.aws_network_acl_rule.private_inbound",
            "module.vpc.aws_network_acl_rule.private_outbound",
            "module.vpc.aws_network_acl_rule.public_inbound",
            "module.vpc.aws_network_acl_rule.public_outbound",
            "module.vpc.aws_network_acl_rule.redshift_inbound",
            "module.vpc.aws_network_acl_rule.redshift_outbound",
            "module.vpc.aws_redshift_subnet_group.redshift",
            "module.vpc.aws_route.database_internet_gateway",
            "module.vpc.aws_route.database_ipv6_egress",
            "module.vpc.aws_route.database_nat_gateway",
            "module.vpc.aws_route.private_ipv6_egress",
            "module.vpc.aws_route.private_nat_gateway",
            "module.vpc.aws_route.public_internet_gateway",
            "module.vpc.aws_route.public_internet_gateway_ipv6",
            "module.vpc.aws_route_table.database",
            "module.vpc.aws_route_table.elasticache",
            "module.vpc.aws_route_table.intra",
            "module.vpc.aws_route_table.private",
            "module.vpc.aws_route_table.public",
            "module.vpc.aws_route_table.redshift",
            "module.vpc.aws_route_table_association.database",
            "module.vpc.aws_route_table_association.elasticache",
            "module.vpc.aws_route_table_association.intra",
            "module.vpc.aws_route_table_association.outpost",
            "module.vpc.aws_route_table_association.private",
            "module.vpc.aws_route_table_association.public",
            "module.vpc.aws_route_table_association.redshift",
            "module.vpc.aws_route_table_association.redshift_public",
            "module.vpc.aws_subnet.database",
            "module.vpc.aws_subnet.elasticache",
            "module.vpc.aws_subnet.intra",
            "module.vpc.aws_subnet.outpost",
            "module.vpc.aws_subnet.private",
            "module.vpc.aws_subnet.public",
            "module.vpc.aws_subnet.redshift",
            "module.vpc.aws_vpc.this",
            "module.vpc.aws_vpc_dhcp_options.this",
            "module.vpc.aws_vpc_dhcp_options_association.this",
            "module.vpc.aws_vpc_ipv4_cidr_block_association.this",
            "module.vpc.aws_vpn_gateway.this",
            "module.vpc.aws_vpn_gateway_attachment.this",
            "module.vpc.aws_vpn_gateway_route_propagation.intra",
            "module.vpc.aws_vpn_gateway_route_propagation.private",
            "module.vpc.aws_vpn_gateway_route_propagation.public",
            "module.vpc.data.aws_iam_policy_document.flow_log_cloudwatch_assume_role",
            "module.vpc.data.aws_iam_policy_document.vpc_flow_log_cloudwatch"
          ]
        }
      ]
    },
    {
      "mode": "managed",
      "type": "aws_instance",
      "name": "linux_host",
      "provider": "provider[\"registry.terraform.io/hashicorp/aws\"]",
      "instances": [
        {
          "schema_version": 1,
          "attributes": {
            "ami": "ami-09d56f8956ab235b3",
            "arn": "arn:aws:ec2:us-east-1:391416143899:instance/i-06d948df08f42848e",
            "associate_public_ip_address": false,
            "availability_zone": "us-east-1a",
            "capacity_reservation_specification": [
              {
                "capacity_reservation_preference": "open",
                "capacity_reservation_target": []
              }
            ],
            "cpu_core_count": 1,
            "cpu_threads_per_core": 1,
            "credit_specification": [
              {
                "cpu_credits": "standard"
              }
            ],
            "disable_api_stop": false,
            "disable_api_termination": false,
            "ebs_block_device": [],
            "ebs_optimized": false,
            "enclave_options": [
              {
                "enabled": false
              }
            ],
            "ephemeral_block_device": [],
            "get_password_data": false,
            "hibernation": false,
            "host_id": null,
            "iam_instance_profile": "",
            "id": "i-06d948df08f42848e",
            "instance_initiated_shutdown_behavior": "stop",
            "instance_state": "running",
            "instance_type": "t2.small",
            "ipv6_address_count": 0,
            "ipv6_addresses": [],
            "key_name": "caldera-nodes",
            "launch_template": [],
            "maintenance_options": [
              {
                "auto_recovery": "default"
              }
            ],
            "metadata_options": [
              {
                "http_endpoint": "enabled",
                "http_put_response_hop_limit": 1,
                "http_tokens": "optional",
                "instance_metadata_tags": "disabled"
              }
            ],
            "monitoring": false,
            "network_interface": [],
            "outpost_arn": "",
            "password_data": "",
            "placement_group": "",
            "placement_partition_number": null,
            "primary_network_interface_id": "eni-037ece66b8b8460d3",
            "private_dns": "ip-172-23-0-4.ec2.internal",
            "private_dns_name_options": [
              {
                "enable_resource_name_dns_a_record": false,
                "enable_resource_name_dns_aaaa_record": false,
                "hostname_type": "ip-name"
              }
            ],
            "private_ip": "172.23.0.4",
            "public_dns": "",
            "public_ip": "",
            "root_block_device": [
              {
                "delete_on_termination": true,
                "device_name": "/dev/sda1",
                "encrypted": true,
                "iops": 100,
                "kms_key_id": "arn:aws:kms:us-east-1:391416143899:key/ad11de44-cbed-4cea-bae4-3735ca9c75f1",
                "tags": {},
                "throughput": 0,
                "volume_id": "vol-063020bb0b580521a",
                "volume_size": 8,
                "volume_type": "gp2"
              }
            ],
            "secondary_private_ips": [],
            "security_groups": [],
            "source_dest_check": true,
            "subnet_id": "subnet-07d4948a0362864fc",
            "tags": {
              "Name": "linux_host",
              "environment": "caldera-test"
            },
            "tags_all": {
              "Name": "linux_host",
              "environment": "caldera-test"
            },
            "tenancy": "default",
            "timeouts": null,
            "user_data": null,
            "user_data_base64": null,
            "user_data_replace_on_change": false,
            "volume_tags": null,
            "vpc_security_group_ids": [
              "sg-0e35f353a961f3e22"
            ]
          },
          "sensitive_attributes": [],
          "private": "eyJlMmJmYjczMC1lY2FhLTExZTYtOGY4OC0zNDM2M2JjN2M0YzAiOnsiY3JlYXRlIjo2MDAwMDAwMDAwMDAsImRlbGV0ZSI6MTIwMDAwMDAwMDAwMCwidXBkYXRlIjo2MDAwMDAwMDAwMDB9LCJzY2hlbWFfdmVyc2lvbiI6IjEifQ==",
          "dependencies": [
            "aws_instance.caldera_server",
            "aws_security_group.sg_caldera_linux",
            "module.aws_rsa_key.aws_key_pair.worker",
            "module.aws_rsa_key.local_file.ssh_local",
            "module.aws_rsa_key.tls_private_key.ssh_key",
            "module.vpc.aws_cloudwatch_log_group.flow_log",
            "module.vpc.aws_customer_gateway.this",
            "module.vpc.aws_db_subnet_group.database",
            "module.vpc.aws_default_network_acl.this",
            "module.vpc.aws_default_route_table.default",
            "module.vpc.aws_default_security_group.this",
            "module.vpc.aws_default_vpc.this",
            "module.vpc.aws_egress_only_internet_gateway.this",
            "module.vpc.aws_eip.nat",
            "module.vpc.aws_elasticache_subnet_group.elasticache",
            "module.vpc.aws_flow_log.this",
            "module.vpc.aws_iam_policy.vpc_flow_log_cloudwatch",
            "module.vpc.aws_iam_role.vpc_flow_log_cloudwatch",
            "module.vpc.aws_iam_role_policy_attachment.vpc_flow_log_cloudwatch",
            "module.vpc.aws_internet_gateway.this",
            "module.vpc.aws_nat_gateway.this",
            "module.vpc.aws_network_acl.database",
            "module.vpc.aws_network_acl.elasticache",
            "module.vpc.aws_network_acl.intra",
            "module.vpc.aws_network_acl.outpost",
            "module.vpc.aws_network_acl.private",
            "module.vpc.aws_network_acl.public",
            "module.vpc.aws_network_acl.redshift",
            "module.vpc.aws_network_acl_rule.database_inbound",
            "module.vpc.aws_network_acl_rule.database_outbound",
            "module.vpc.aws_network_acl_rule.elasticache_inbound",
            "module.vpc.aws_network_acl_rule.elasticache_outbound",
            "module.vpc.aws_network_acl_rule.intra_inbound",
            "module.vpc.aws_network_acl_rule.intra_outbound",
            "module.vpc.aws_network_acl_rule.outpost_inbound",
            "module.vpc.aws_network_acl_rule.outpost_outbound",
            "module.vpc.aws_network_acl_rule.private_inbound",
            "module.vpc.aws_network_acl_rule.private_outbound",
            "module.vpc.aws_network_acl_rule.public_inbound",
            "module.vpc.aws_network_acl_rule.public_outbound",
            "module.vpc.aws_network_acl_rule.redshift_inbound",
            "module.vpc.aws_network_acl_rule.redshift_outbound",
            "module.vpc.aws_redshift_subnet_group.redshift",
            "module.vpc.aws_route.database_internet_gateway",
            "module.vpc.aws_route.database_ipv6_egress",
            "module.vpc.aws_route.database_nat_gateway",
            "module.vpc.aws_route.private_ipv6_egress",
            "module.vpc.aws_route.private_nat_gateway",
            "module.vpc.aws_route.public_internet_gateway",
            "module.vpc.aws_route.public_internet_gateway_ipv6",
            "module.vpc.aws_route_table.database",
            "module.vpc.aws_route_table.elasticache",
            "module.vpc.aws_route_table.intra",
            "module.vpc.aws_route_table.private",
            "module.vpc.aws_route_table.public",
            "module.vpc.aws_route_table.redshift",
            "module.vpc.aws_route_table_association.database",
            "module.vpc.aws_route_table_association.elasticache",
            "module.vpc.aws_route_table_association.intra",
            "module.vpc.aws_route_table_association.outpost",
            "module.vpc.aws_route_table_association.private",
            "module.vpc.aws_route_table_association.public",
            "module.vpc.aws_route_table_association.redshift",
            "module.vpc.aws_route_table_association.redshift_public",
            "module.vpc.aws_subnet.database",
            "module.vpc.aws_subnet.elasticache",
            "module.vpc.aws_subnet.intra",
            "module.vpc.aws_subnet.outpost",
            "module.vpc.aws_subnet.private",
            "module.vpc.aws_subnet.public",
            "module.vpc.aws_subnet.redshift",
            "module.vpc.aws_vpc.this",
            "module.vpc.aws_vpc_dhcp_options.this",
            "module.vpc.aws_vpc_dhcp_options_association.this",
            "module.vpc.aws_vpc_ipv4_cidr_block_association.this",
            "module.vpc.aws_vpn_gateway.this",
            "module.vpc.aws_vpn_gateway_attachment.this",
            "module.vpc.aws_vpn_gateway_route_propagation.intra",
            "module.vpc.aws_vpn_gateway_route_propagation.private",
            "module.vpc.aws_vpn_gateway_route_propagation.public",
            "module.vpc.data.aws_iam_policy_document.flow_log_cloudwatch_assume_role",
            "module.vpc.data.aws_iam_policy_document.vpc_flow_log_cloudwatch"
          ]
        }
      ]
    },
    {
      "mode": "managed",
      "type": "aws_instance",
      "name": "windows_host",
      "provider": "provider[\"registry.terraform.io/hashicorp/aws\"]",
      "instances": [
        {
          "schema_version": 1,
          "attributes": {
            "ami": "ami-0193dcf9aa4f5654e",
            "arn": "arn:aws:ec2:us-east-1:391416143899:instance/i-0cbc8af1a96c99060",
            "associate_public_ip_address": true,
            "availability_zone": "us-east-1a",
            "capacity_reservation_specification": [
              {
                "capacity_reservation_preference": "open",
                "capacity_reservation_target": []
              }
            ],
            "cpu_core_count": 1,
            "cpu_threads_per_core": 2,
            "credit_specification": [
              {
                "cpu_credits": "unlimited"
              }
            ],
            "disable_api_stop": false,
            "disable_api_termination": false,
            "ebs_block_device": [],
            "ebs_optimized": false,
            "enclave_options": [
              {
                "enabled": false
              }
            ],
            "ephemeral_block_device": [],
            "get_password_data": false,
            "hibernation": false,
            "host_id": null,
            "iam_instance_profile": "",
            "id": "i-0cbc8af1a96c99060",
            "instance_initiated_shutdown_behavior": "stop",
            "instance_state": "running",
            "instance_type": "t3.medium",
            "ipv6_address_count": 0,
            "ipv6_addresses": [],
            "key_name": "caldera-nodes",
            "launch_template": [],
            "maintenance_options": [
              {
                "auto_recovery": "default"
              }
            ],
            "metadata_options": [
              {
                "http_endpoint": "enabled",
                "http_put_response_hop_limit": 1,
                "http_tokens": "optional",
                "instance_metadata_tags": "disabled"
              }
            ],
            "monitoring": false,
            "network_interface": [],
            "outpost_arn": "",
            "password_data": "",
            "placement_group": "",
            "placement_partition_number": null,
            "primary_network_interface_id": "eni-061a2069c70515ee0",
            "private_dns": "ip-172-23-7-128.ec2.internal",
            "private_dns_name_options": [
              {
                "enable_resource_name_dns_a_record": false,
                "enable_resource_name_dns_aaaa_record": false,
                "hostname_type": "ip-name"
              }
            ],
            "private_ip": "172.23.7.128",
            "public_dns": "ec2-54-158-114-108.compute-1.amazonaws.com",
            "public_ip": "54.158.114.108",
            "root_block_device": [
              {
                "delete_on_termination": true,
                "device_name": "/dev/sda1",
                "encrypted": true,
                "iops": 100,
                "kms_key_id": "arn:aws:kms:us-east-1:391416143899:key/ad11de44-cbed-4cea-bae4-3735ca9c75f1",
                "tags": {},
                "throughput": 0,
                "volume_id": "vol-0a79f4b27554aa910",
                "volume_size": 30,
                "volume_type": "gp2"
              }
            ],
            "secondary_private_ips": [],
            "security_groups": [],
            "source_dest_check": true,
            "subnet_id": "subnet-0488afc7c77dc6c46",
            "tags": {
              "Name": "windows_host",
              "environment": "caldera-test"
            },
            "tags_all": {
              "Name": "windows_host",
              "environment": "caldera-test"
            },
            "tenancy": "default",
            "timeouts": null,
            "user_data": "fdf71b3ecd056bac9fc1e159853d4219097c69cc",
            "user_data_base64": null,
            "user_data_replace_on_change": false,
            "volume_tags": null,
            "vpc_security_group_ids": [
              "sg-0776f4b1ee13124b3"
            ]
          },
          "sensitive_attributes": [],
          "private": "eyJlMmJmYjczMC1lY2FhLTExZTYtOGY4OC0zNDM2M2JjN2M0YzAiOnsiY3JlYXRlIjo2MDAwMDAwMDAwMDAsImRlbGV0ZSI6MTIwMDAwMDAwMDAwMCwidXBkYXRlIjo2MDAwMDAwMDAwMDB9LCJzY2hlbWFfdmVyc2lvbiI6IjEifQ==",
          "dependencies": [
            "aws_instance.caldera_server",
            "aws_security_group.sg_caldera_windows",
            "module.aws_rsa_key.aws_key_pair.worker",
            "module.aws_rsa_key.local_file.ssh_local",
            "module.aws_rsa_key.tls_private_key.ssh_key",
            "module.vpc.aws_cloudwatch_log_group.flow_log",
            "module.vpc.aws_customer_gateway.this",
            "module.vpc.aws_db_subnet_group.database",
            "module.vpc.aws_default_network_acl.this",
            "module.vpc.aws_default_route_table.default",
            "module.vpc.aws_default_security_group.this",
            "module.vpc.aws_default_vpc.this",
            "module.vpc.aws_egress_only_internet_gateway.this",
            "module.vpc.aws_eip.nat",
            "module.vpc.aws_elasticache_subnet_group.elasticache",
            "module.vpc.aws_flow_log.this",
            "module.vpc.aws_iam_policy.vpc_flow_log_cloudwatch",
            "module.vpc.aws_iam_role.vpc_flow_log_cloudwatch",
            "module.vpc.aws_iam_role_policy_attachment.vpc_flow_log_cloudwatch",
            "module.vpc.aws_internet_gateway.this",
            "module.vpc.aws_nat_gateway.this",
            "module.vpc.aws_network_acl.database",
            "module.vpc.aws_network_acl.elasticache",
            "module.vpc.aws_network_acl.intra",
            "module.vpc.aws_network_acl.outpost",
            "module.vpc.aws_network_acl.private",
            "module.vpc.aws_network_acl.public",
            "module.vpc.aws_network_acl.redshift",
            "module.vpc.aws_network_acl_rule.database_inbound",
            "module.vpc.aws_network_acl_rule.database_outbound",
            "module.vpc.aws_network_acl_rule.elasticache_inbound",
            "module.vpc.aws_network_acl_rule.elasticache_outbound",
            "module.vpc.aws_network_acl_rule.intra_inbound",
            "module.vpc.aws_network_acl_rule.intra_outbound",
            "module.vpc.aws_network_acl_rule.outpost_inbound",
            "module.vpc.aws_network_acl_rule.outpost_outbound",
            "module.vpc.aws_network_acl_rule.private_inbound",
            "module.vpc.aws_network_acl_rule.private_outbound",
            "module.vpc.aws_network_acl_rule.public_inbound",
            "module.vpc.aws_network_acl_rule.public_outbound",
            "module.vpc.aws_network_acl_rule.redshift_inbound",
            "module.vpc.aws_network_acl_rule.redshift_outbound",
            "module.vpc.aws_redshift_subnet_group.redshift",
            "module.vpc.aws_route.database_internet_gateway",
            "module.vpc.aws_route.database_ipv6_egress",
            "module.vpc.aws_route.database_nat_gateway",
            "module.vpc.aws_route.private_ipv6_egress",
            "module.vpc.aws_route.private_nat_gateway",
            "module.vpc.aws_route.public_internet_gateway",
            "module.vpc.aws_route.public_internet_gateway_ipv6",
            "module.vpc.aws_route_table.database",
            "module.vpc.aws_route_table.elasticache",
            "module.vpc.aws_route_table.intra",
            "module.vpc.aws_route_table.private",
            "module.vpc.aws_route_table.public",
            "module.vpc.aws_route_table.redshift",
            "module.vpc.aws_route_table_association.database",
            "module.vpc.aws_route_table_association.elasticache",
            "module.vpc.aws_route_table_association.intra",
            "module.vpc.aws_route_table_association.outpost",
            "module.vpc.aws_route_table_association.private",
            "module.vpc.aws_route_table_association.public",
            "module.vpc.aws_route_table_association.redshift",
            "module.vpc.aws_route_table_association.redshift_public",
            "module.vpc.aws_subnet.database",
            "module.vpc.aws_subnet.elasticache",
            "module.vpc.aws_subnet.intra",
            "module.vpc.aws_subnet.outpost",
            "module.vpc.aws_subnet.private",
            "module.vpc.aws_subnet.public",
            "module.vpc.aws_subnet.redshift",
            "module.vpc.aws_vpc.this",
            "module.vpc.aws_vpc_dhcp_options.this",
            "module.vpc.aws_vpc_dhcp_options_association.this",
            "module.vpc.aws_vpc_ipv4_cidr_block_association.this",
            "module.vpc.aws_vpn_gateway.this",
            "module.vpc.aws_vpn_gateway_attachment.this",
            "module.vpc.aws_vpn_gateway_route_propagation.intra",
            "module.vpc.aws_vpn_gateway_route_propagation.private",
            "module.vpc.aws_vpn_gateway_route_propagation.public",
            "module.vpc.data.aws_iam_policy_document.flow_log_cloudwatch_assume_role",
            "module.vpc.data.aws_iam_policy_document.vpc_flow_log_cloudwatch"
          ]
        }
      ]
    },
    {
      "mode": "managed",
      "type": "aws_security_group",
      "name": "sg_caldera_linux",
      "provider": "provider[\"registry.terraform.io/hashicorp/aws\"]",
      "instances": [
        {
          "schema_version": 1,
          "attributes": {
            "arn": "arn:aws:ec2:us-east-1:391416143899:security-group/sg-0e35f353a961f3e22",
            "description": "Allow ssh access for linux host",
            "egress": [
              {
                "cidr_blocks": [
                  "0.0.0.0/0"
                ],
                "description": "",
                "from_port": 0,
                "ipv6_cidr_blocks": [],
                "prefix_list_ids": [],
                "protocol": "-1",
                "security_groups": [],
                "self": false,
                "to_port": 0
              }
            ],
            "id": "sg-0e35f353a961f3e22",
            "ingress": [
              {
                "cidr_blocks": [
                  "172.23.0.0/16"
                ],
                "description": "SSH port",
                "from_port": 22,
                "ipv6_cidr_blocks": [],
                "prefix_list_ids": [],
                "protocol": "tcp",
                "security_groups": [],
                "self": false,
                "to_port": 22
              }
            ],
            "name": "sg_caldera_linux",
            "name_prefix": "",
            "owner_id": "391416143899",
            "revoke_rules_on_delete": false,
            "tags": {
              "environment": "caldera-test"
            },
            "tags_all": {
              "environment": "caldera-test"
            },
            "timeouts": null,
            "vpc_id": "vpc-0283eb905c84f33a6"
          },
          "sensitive_attributes": [],
          "private": "eyJlMmJmYjczMC1lY2FhLTExZTYtOGY4OC0zNDM2M2JjN2M0YzAiOnsiY3JlYXRlIjo2MDAwMDAwMDAwMDAsImRlbGV0ZSI6OTAwMDAwMDAwMDAwfSwic2NoZW1hX3ZlcnNpb24iOiIxIn0=",
          "dependencies": [
            "module.vpc.aws_vpc.this"
          ]
        }
      ]
    },
    {
      "mode": "managed",
      "type": "aws_security_group",
      "name": "sg_caldera_server",
      "provider": "provider[\"registry.terraform.io/hashicorp/aws\"]",
      "instances": [
        {
          "schema_version": 1,
          "attributes": {
            "arn": "arn:aws:ec2:us-east-1:391416143899:security-group/sg-0259fbd39f7ac78f8",
            "description": "Allow ports for caldera server",
            "egress": [
              {
                "cidr_blocks": [
                  "0.0.0.0/0"
                ],
                "description": "",
                "from_port": 0,
                "ipv6_cidr_blocks": [],
                "prefix_list_ids": [],
                "protocol": "-1",
                "security_groups": [],
                "self": false,
                "to_port": 0
              }
            ],
            "id": "sg-0259fbd39f7ac78f8",
            "ingress": [
              {
                "cidr_blocks": [
                  "0.0.0.0/0"
                ],
                "description": "Caldera server port",
                "from_port": 2288,
                "ipv6_cidr_blocks": [],
                "prefix_list_ids": [],
                "protocol": "tcp",
                "security_groups": [],
                "self": false,
                "to_port": 2288
              },
              {
                "cidr_blocks": [
                  "0.0.0.0/0"
                ],
                "description": "SSH from VPC",
                "from_port": 22,
                "ipv6_cidr_blocks": [],
                "prefix_list_ids": [],
                "protocol": "tcp",
                "security_groups": [],
                "self": false,
                "to_port": 22
              }
            ],
            "name": "sg_caldera_server",
            "name_prefix": "",
            "owner_id": "391416143899",
            "revoke_rules_on_delete": false,
            "tags": {
              "environment": "caldera-test"
            },
            "tags_all": {
              "environment": "caldera-test"
            },
            "timeouts": null,
            "vpc_id": "vpc-0283eb905c84f33a6"
          },
          "sensitive_attributes": [],
          "private": "eyJlMmJmYjczMC1lY2FhLTExZTYtOGY4OC0zNDM2M2JjN2M0YzAiOnsiY3JlYXRlIjo2MDAwMDAwMDAwMDAsImRlbGV0ZSI6OTAwMDAwMDAwMDAwfSwic2NoZW1hX3ZlcnNpb24iOiIxIn0=",
          "dependencies": [
            "module.vpc.aws_vpc.this"
          ]
        }
      ]
    },
    {
      "mode": "managed",
      "type": "aws_security_group",
      "name": "sg_caldera_windows",
      "provider": "provider[\"registry.terraform.io/hashicorp/aws\"]",
      "instances": [
        {
          "schema_version": 1,
          "attributes": {
            "arn": "arn:aws:ec2:us-east-1:391416143899:security-group/sg-0776f4b1ee13124b3",
            "description": "Allow RDP for windows host",
            "egress": [
              {
                "cidr_blocks": [
                  "0.0.0.0/0"
                ],
                "description": "",
                "from_port": 0,
                "ipv6_cidr_blocks": [],
                "prefix_list_ids": [],
                "protocol": "-1",
                "security_groups": [],
                "self": false,
                "to_port": 0
              }
            ],
            "id": "sg-0776f4b1ee13124b3",
            "ingress": [
              {
                "cidr_blocks": [
                  "0.0.0.0/0"
                ],
                "description": "RDP port",
                "from_port": 3389,
                "ipv6_cidr_blocks": [],
                "prefix_list_ids": [],
                "protocol": "tcp",
                "security_groups": [],
                "self": false,
                "to_port": 3389
              }
            ],
            "name": "sg_caldera_windows",
            "name_prefix": "",
            "owner_id": "391416143899",
            "revoke_rules_on_delete": false,
            "tags": {
              "environment": "caldera-test"
            },
            "tags_all": {
              "environment": "caldera-test"
            },
            "timeouts": null,
            "vpc_id": "vpc-0283eb905c84f33a6"
          },
          "sensitive_attributes": [],
          "private": "eyJlMmJmYjczMC1lY2FhLTExZTYtOGY4OC0zNDM2M2JjN2M0YzAiOnsiY3JlYXRlIjo2MDAwMDAwMDAwMDAsImRlbGV0ZSI6OTAwMDAwMDAwMDAwfSwic2NoZW1hX3ZlcnNpb24iOiIxIn0=",
          "dependencies": [
            "module.vpc.aws_vpc.this"
          ]
        }
      ]
    },
    {
      "module": "module.aws_rsa_key",
      "mode": "managed",
      "type": "aws_key_pair",
      "name": "worker",
      "provider": "provider[\"registry.terraform.io/hashicorp/aws\"]",
      "instances": [
        {
          "schema_version": 1,
          "attributes": {
            "arn": "arn:aws:ec2:us-east-1:391416143899:key-pair/caldera-nodes",
            "fingerprint": "43:e1:ce:fd:b8:c1:b3:8a:a4:29:b2:d8:e0:ca:62:3f",
            "id": "caldera-nodes",
            "key_name": "caldera-nodes",
            "key_name_prefix": "",
            "key_pair_id": "key-079beba7f05b8d31e",
            "key_type": "rsa",
            "public_key": "ssh-rsa AAAAB3NzaC1yc2EAAAADAQABAAACAQDBs5tvkZR7fE/s9FBfBKEI5KtAHJjrzJgjUxB/JodpzQZV31/+niu3LCPlVedLOiwAZGr/cgnd3uIvmXkgKsf2/6J4Rvp0ARR1athDyNOtQ2wANqjuwHHAnGckp8EformjBbiX3fzG2VrNshK8el8rbfnV6no0Hkzo10aUH9bXPJNfSR7XN1mDNE+qQPuxvaTrFf5znfy7Gf0HCNEYJuKiILKF30pL7QDqd3JHHWDnEwT1PIKb4jvdQLJTl4ayaOr23pPcKTqV9pOFa9R3Vybpi+rdXLlMnses0G7BsjwT3GX1vdFxOO9HOCBGU6f9NmpfdkrwmSzQQ9Kq++Mu0mrCoVxfxFx4RgoVvoA+vqVKI+YpaU47W2COz/UL/4C3JRcuEs/W/mPIcXJeyMlJeiMp7EF+q8XdPz6QIQHASWTmc65/aSaMTP8D1FKmQluXMaTCYSMusbuERatFcgqrK2qVO2efKOVzEB7Evirzg8hzWvm9gw17a24yGrAyNiR+cP0ioUD/eNQSycuQEC3cpEJ0GFj63Aa7G+yPEuExi4cnRQvy/N0HeHAqMJpUQTXk3QBGAMCk1pKGsmVZxKlvwzf7uVw0U/i84teOdN/iPIJ0MljVaUOMHLF3hssY/owozusMb4KZQUot1v0sCt+5IA4ltv5n6vKVBLG1zgXgGbCQPQ==",
            "tags": {},
            "tags_all": {}
          },
          "sensitive_attributes": [],
          "private": "eyJzY2hlbWFfdmVyc2lvbiI6IjEifQ==",
          "dependencies": [
            "module.aws_rsa_key.tls_private_key.ssh_key",
            "module.vpc.aws_cloudwatch_log_group.flow_log",
            "module.vpc.aws_customer_gateway.this",
            "module.vpc.aws_db_subnet_group.database",
            "module.vpc.aws_default_network_acl.this",
            "module.vpc.aws_default_route_table.default",
            "module.vpc.aws_default_security_group.this",
            "module.vpc.aws_default_vpc.this",
            "module.vpc.aws_egress_only_internet_gateway.this",
            "module.vpc.aws_eip.nat",
            "module.vpc.aws_elasticache_subnet_group.elasticache",
            "module.vpc.aws_flow_log.this",
            "module.vpc.aws_iam_policy.vpc_flow_log_cloudwatch",
            "module.vpc.aws_iam_role.vpc_flow_log_cloudwatch",
            "module.vpc.aws_iam_role_policy_attachment.vpc_flow_log_cloudwatch",
            "module.vpc.aws_internet_gateway.this",
            "module.vpc.aws_nat_gateway.this",
            "module.vpc.aws_network_acl.database",
            "module.vpc.aws_network_acl.elasticache",
            "module.vpc.aws_network_acl.intra",
            "module.vpc.aws_network_acl.outpost",
            "module.vpc.aws_network_acl.private",
            "module.vpc.aws_network_acl.public",
            "module.vpc.aws_network_acl.redshift",
            "module.vpc.aws_network_acl_rule.database_inbound",
            "module.vpc.aws_network_acl_rule.database_outbound",
            "module.vpc.aws_network_acl_rule.elasticache_inbound",
            "module.vpc.aws_network_acl_rule.elasticache_outbound",
            "module.vpc.aws_network_acl_rule.intra_inbound",
            "module.vpc.aws_network_acl_rule.intra_outbound",
            "module.vpc.aws_network_acl_rule.outpost_inbound",
            "module.vpc.aws_network_acl_rule.outpost_outbound",
            "module.vpc.aws_network_acl_rule.private_inbound",
            "module.vpc.aws_network_acl_rule.private_outbound",
            "module.vpc.aws_network_acl_rule.public_inbound",
            "module.vpc.aws_network_acl_rule.public_outbound",
            "module.vpc.aws_network_acl_rule.redshift_inbound",
            "module.vpc.aws_network_acl_rule.redshift_outbound",
            "module.vpc.aws_redshift_subnet_group.redshift",
            "module.vpc.aws_route.database_internet_gateway",
            "module.vpc.aws_route.database_ipv6_egress",
            "module.vpc.aws_route.database_nat_gateway",
            "module.vpc.aws_route.private_ipv6_egress",
            "module.vpc.aws_route.private_nat_gateway",
            "module.vpc.aws_route.public_internet_gateway",
            "module.vpc.aws_route.public_internet_gateway_ipv6",
            "module.vpc.aws_route_table.database",
            "module.vpc.aws_route_table.elasticache",
            "module.vpc.aws_route_table.intra",
            "module.vpc.aws_route_table.private",
            "module.vpc.aws_route_table.public",
            "module.vpc.aws_route_table.redshift",
            "module.vpc.aws_route_table_association.database",
            "module.vpc.aws_route_table_association.elasticache",
            "module.vpc.aws_route_table_association.intra",
            "module.vpc.aws_route_table_association.outpost",
            "module.vpc.aws_route_table_association.private",
            "module.vpc.aws_route_table_association.public",
            "module.vpc.aws_route_table_association.redshift",
            "module.vpc.aws_route_table_association.redshift_public",
            "module.vpc.aws_subnet.database",
            "module.vpc.aws_subnet.elasticache",
            "module.vpc.aws_subnet.intra",
            "module.vpc.aws_subnet.outpost",
            "module.vpc.aws_subnet.private",
            "module.vpc.aws_subnet.public",
            "module.vpc.aws_subnet.redshift",
            "module.vpc.aws_vpc.this",
            "module.vpc.aws_vpc_dhcp_options.this",
            "module.vpc.aws_vpc_dhcp_options_association.this",
            "module.vpc.aws_vpc_ipv4_cidr_block_association.this",
            "module.vpc.aws_vpn_gateway.this",
            "module.vpc.aws_vpn_gateway_attachment.this",
            "module.vpc.aws_vpn_gateway_route_propagation.intra",
            "module.vpc.aws_vpn_gateway_route_propagation.private",
            "module.vpc.aws_vpn_gateway_route_propagation.public",
            "module.vpc.data.aws_iam_policy_document.flow_log_cloudwatch_assume_role",
            "module.vpc.data.aws_iam_policy_document.vpc_flow_log_cloudwatch"
          ]
        }
      ]
    },
    {
      "module": "module.aws_rsa_key",
      "mode": "managed",
      "type": "tls_private_key",
      "name": "ssh_key",
      "provider": "provider[\"registry.terraform.io/hashicorp/tls\"]",
      "instances": [
        {
          "schema_version": 1,
          "attributes": {
            "algorithm": "RSA",
            "ecdsa_curve": "P224",
            "id": "e555dafcc778a20ac5feb0c7f39117a210fc8b6b",
            "private_key_openssh": "-----BEGIN OPENSSH PRIVATE KEY-----\nb3BlbnNzaC1rZXktdjEAAAAABG5vbmUAAAAEbm9uZQAAAAAAAAABAAACFwAAAAdz\nc2gtcnNhAAAAAwEAAQAAAgEAwbObb5GUe3xP7PRQXwShCOSrQByY68yYI1MQfyaH\nac0GVd9f/p4rtywj5VXnSzosAGRq/3IJ3d7iL5l5ICrH9v+ieEb6dAEUdWrYQ8jT\nrUNsADao7sBxwJxnJKfBH6K5owW4l938xtlazbISvHpfK2351ep6NB5M6NdGlB/W\n1zyTX0ke1zdZgzRPqkD7sb2k6xX+c538uxn9BwjRGCbioiCyhd9KS+0A6ndyRx1g\n5xME9TyCm+I73UCyU5eGsmjq9t6T3Ck6lfaThWvUd1cm6Yvq3Vy5TJ7HrNBuwbI8\nE9xl9b3RcTjvRzggRlOn/TZqX3ZK8Jks0EPSqvvjLtJqwqFcX8RceEYKFb6APr6l\nSiPmKWlOO1tgjs/1C/+AtyUXLhLP1v5jyHFyXsjJSXojKexBfqvF3T8+kCEBwElk\n5nOuf2kmjEz/A9RSpkJblzGkwmEjLrG7hEWrRXIKqytqlTtnnyjlcxAexL4q84PI\nc1r5vYMNe2tuMhqwMjYkfnD9IqFA/3jUEsnLkBAt3KRCdBhY+twGuxvsjxLhMYuH\nJ0UL8vzdB3hwKjCaVEE15N0ARgDApNaShrJlWcSpb8M3+7lcNFP4vOLXjnTf4jyC\ndDJY1WlDjByxd4bLGP6MKM7rDG+CmUFKLdb9LArfuSAOJbb+Z+rylQSxtc4F4Bmw\nkD0AAAc4nUtfSZ1LX0kAAAAHc3NoLXJzYQAAAgEAwbObb5GUe3xP7PRQXwShCOSr\nQByY68yYI1MQfyaHac0GVd9f/p4rtywj5VXnSzosAGRq/3IJ3d7iL5l5ICrH9v+i\neEb6dAEUdWrYQ8jTrUNsADao7sBxwJxnJKfBH6K5owW4l938xtlazbISvHpfK235\n1ep6NB5M6NdGlB/W1zyTX0ke1zdZgzRPqkD7sb2k6xX+c538uxn9BwjRGCbioiCy\nhd9KS+0A6ndyRx1g5xME9TyCm+I73UCyU5eGsmjq9t6T3Ck6lfaThWvUd1cm6Yvq\n3Vy5TJ7HrNBuwbI8E9xl9b3RcTjvRzggRlOn/TZqX3ZK8Jks0EPSqvvjLtJqwqFc\nX8RceEYKFb6APr6lSiPmKWlOO1tgjs/1C/+AtyUXLhLP1v5jyHFyXsjJSXojKexB\nfqvF3T8+kCEBwElk5nOuf2kmjEz/A9RSpkJblzGkwmEjLrG7hEWrRXIKqytqlTtn\nnyjlcxAexL4q84PIc1r5vYMNe2tuMhqwMjYkfnD9IqFA/3jUEsnLkBAt3KRCdBhY\n+twGuxvsjxLhMYuHJ0UL8vzdB3hwKjCaVEE15N0ARgDApNaShrJlWcSpb8M3+7lc\nNFP4vOLXjnTf4jyCdDJY1WlDjByxd4bLGP6MKM7rDG+CmUFKLdb9LArfuSAOJbb+\nZ+rylQSxtc4F4BmwkD0AAAADAQABAAACAELLM3NCiSgX0tvL15ccWoddiuv9sIHH\nOEMeFpcx6woByAh+kXSUiFCOqQYhHDPlqFyuQ/M4GMzoWai+THVaK0AyII1HNIAi\nCzL+F/sv2kZp9GkScCh8Nf2MMUkDi+Xj0A22IFRGGS9criI2IJ3buMuaDcfFJkSo\nmi7EZTMY05W+7rax2S+vh29l736vD9vXoHHsUKT/urGuIYF2edvRNN9hVQ4y1ETg\nQiuX6tE5ATxNY61JI2Srm6cM8zE+FBWbdkKQt/34PZqOv4oHh+lrJSDtvZx9p+wS\n6Jnf+gFS+8KBgqs9vGZFksVFRmPZ3xjC1eV7PhY/S6O5b4DEgS+ZIXTIaHGZOocI\nlcXXzXe+8iQ0AZSK+uZzlI5KjBa7WcrwRfRfJaR46HJXlA9r5hpMCmAaky8ej8p+\ndlDt10mv5J2VlcJ4yZD8LHl9yI/xDNCFJMe99kNA9cJkgj2U7/TK6uL5ORY4+zbW\nFDNQ48d6AwG+vRBoRH+MpooEjvBknzQqyc44eu0eBWRBwoeqhxDDtmvRia9k86cg\nqo+ZV9OkUf+EmLVshqrWUs2f4hLhd+29+e8WLsRDBriFqQB0bCNoJ0gbXmn4XJtE\nKjiMJGrWDN6wz65fWP/8NeByAs9PxCWzJOb5NwaTRm8qAfRihcQ2sQpKJaCbwLHY\n4+I+9GizpQOhAAABAFqfe12L3a5Gnti2eoRePo5xHTVNEfjXxX8gNRvFyLAbhgcN\nwKKaS1/xm/tf9C9sSdiUbKtQ+9OKCeOWZCp4Y8j5yvC5NM0dmVCoj3KazP0ll1P+\nYQj4Ncwm5qlMac6vKZXIBW0Lg1C+ZKKnLmlK/7Nk8zXULusIf9QfKr1NLx0ivh29\nPnlDjAagARlczX9PKbNAPoxZK8Mra+nmdtomJIBQfPLcuOyfNdhM/+ebZenIlhr3\nL2Ncl4hn2pI4sw/VrbxwJWUYtPZJL9zvyvPLXCw43Xt37GcwJ5kSHCWQPgII6Kkm\n+QeSRlivvpukY5R85ODFsP5wC3BHJ12pU5y/mwsAAAEBANyva+AVo9dHTmo5VZ7H\nxvPypmTi5XwZGaXrKUDwLrrh7l3+XqrJpE8EduYJCmsv6sVTkbTMT8sfFY2Iesj4\nur9oV8h7c599JC2dJrvTsIOcEkWdK9RAiudCw/Td8LuQoqNnHpfM44tz5tLXgvp1\nX4XkP0aHZgXWQ2RUp7+1n3CIJE1pDgw8ry6CQzq80I+jyOMus9+3FTd7i4ZdXGmw\nm6CqcZaRCAmyiJDMY19BYRLH5Y8QaWaWF2mPTuZvBNclDWkrGRRr1L5zpYgJFzJF\nxo1MyIQ4ygBDurxnBzPoqP4jdnYn2eeeBieFpnq7UCMP4hZJIWCqpzewf5JELHKg\nZwUAAAEBAOCyxnKfQLFE9FQdaQMdw0dyo5QniGl38VQbM/Xw36lxFkdmzJa+Y0Di\ntUjJfNnE7NUgitVvDny7/hGnM0XgWDiASgNVj84mM1EAT5n2BlprRrcfupQ+wDR5\n8ybFPUPBXgPsKdyrxOowH80uZKIU+Bq92OPfVqThtCg5+gw6GL2IKQTudMt6zjkw\nVwFuViUlKMok+gFLfWFKR9iZki6zCMOE0H0TiQWThqfuFLq6iTp47xWJjbbu4Vo9\nv5bSTfbzyZeQMHTo57nBQVu0uAyQBVZ+tatVU4Z+YdE1GahvNzBYurWOiok6H4Br\nrfnI6ti0++Wsa3zR6F47XjBac5eu2dkAAAAAAQID\n-----END OPENSSH PRIVATE KEY-----\n",
            "private_key_pem": "-----BEGIN RSA PRIVATE KEY-----\nMIIJJwIBAAKCAgEAwbObb5GUe3xP7PRQXwShCOSrQByY68yYI1MQfyaHac0GVd9f\n/p4rtywj5VXnSzosAGRq/3IJ3d7iL5l5ICrH9v+ieEb6dAEUdWrYQ8jTrUNsADao\n7sBxwJxnJKfBH6K5owW4l938xtlazbISvHpfK2351ep6NB5M6NdGlB/W1zyTX0ke\n1zdZgzRPqkD7sb2k6xX+c538uxn9BwjRGCbioiCyhd9KS+0A6ndyRx1g5xME9TyC\nm+I73UCyU5eGsmjq9t6T3Ck6lfaThWvUd1cm6Yvq3Vy5TJ7HrNBuwbI8E9xl9b3R\ncTjvRzggRlOn/TZqX3ZK8Jks0EPSqvvjLtJqwqFcX8RceEYKFb6APr6lSiPmKWlO\nO1tgjs/1C/+AtyUXLhLP1v5jyHFyXsjJSXojKexBfqvF3T8+kCEBwElk5nOuf2km\njEz/A9RSpkJblzGkwmEjLrG7hEWrRXIKqytqlTtnnyjlcxAexL4q84PIc1r5vYMN\ne2tuMhqwMjYkfnD9IqFA/3jUEsnLkBAt3KRCdBhY+twGuxvsjxLhMYuHJ0UL8vzd\nB3hwKjCaVEE15N0ARgDApNaShrJlWcSpb8M3+7lcNFP4vOLXjnTf4jyCdDJY1WlD\njByxd4bLGP6MKM7rDG+CmUFKLdb9LArfuSAOJbb+Z+rylQSxtc4F4BmwkD0CAwEA\nAQKCAgBCyzNzQokoF9Lby9eXHFqHXYrr/bCBxzhDHhaXMesKAcgIfpF0lIhQjqkG\nIRwz5ahcrkPzOBjM6Fmovkx1WitAMiCNRzSAIgsy/hf7L9pGafRpEnAofDX9jDFJ\nA4vl49ANtiBURhkvXK4iNiCd27jLmg3HxSZEqJouxGUzGNOVvu62sdkvr4dvZe9+\nrw/b16Bx7FCk/7qxriGBdnnb0TTfYVUOMtRE4EIrl+rROQE8TWOtSSNkq5unDPMx\nPhQVm3ZCkLf9+D2ajr+KB4fpayUg7b2cfafsEuiZ3/oBUvvCgYKrPbxmRZLFRUZj\n2d8YwtXlez4WP0ujuW+AxIEvmSF0yGhxmTqHCJXF1813vvIkNAGUivrmc5SOSowW\nu1nK8EX0XyWkeOhyV5QPa+YaTApgGpMvHo/KfnZQ7ddJr+SdlZXCeMmQ/Cx5fciP\n8QzQhSTHvfZDQPXCZII9lO/0yuri+TkWOPs21hQzUOPHegMBvr0QaER/jKaKBI7w\nZJ80KsnOOHrtHgVkQcKHqocQw7Zr0YmvZPOnIKqPmVfTpFH/hJi1bIaq1lLNn+IS\n4XftvfnvFi7EQwa4hakAdGwjaCdIG15p+FybRCo4jCRq1gzesM+uX1j//DXgcgLP\nT8QlsyTm+TcGk0ZvKgH0YoXENrEKSiWgm8Cx2OPiPvRos6UDoQKCAQEA3K9r4BWj\n10dOajlVnsfG8/KmZOLlfBkZpespQPAuuuHuXf5eqsmkTwR25gkKay/qxVORtMxP\nyx8VjYh6yPi6v2hXyHtzn30kLZ0mu9Owg5wSRZ0r1ECK50LD9N3wu5Cio2cel8zj\ni3Pm0teC+nVfheQ/RodmBdZDZFSnv7WfcIgkTWkODDyvLoJDOrzQj6PI4y6z37cV\nN3uLhl1cabCboKpxlpEICbKIkMxjX0FhEsfljxBpZpYXaY9O5m8E1yUNaSsZFGvU\nvnOliAkXMkXGjUzIhDjKAEO6vGcHM+io/iN2difZ554GJ4WmertQIw/iFkkhYKqn\nN7B/kkQscqBnBQKCAQEA4LLGcp9AsUT0VB1pAx3DR3KjlCeIaXfxVBsz9fDfqXEW\nR2bMlr5jQOK1SMl82cTs1SCK1W8OfLv+EaczReBYOIBKA1WPziYzUQBPmfYGWmtG\ntx+6lD7ANHnzJsU9Q8FeA+wp3KvE6jAfzS5kohT4Gr3Y499WpOG0KDn6DDoYvYgp\nBO50y3rOOTBXAW5WJSUoyiT6AUt9YUpH2JmSLrMIw4TQfROJBZOGp+4UurqJOnjv\nFYmNtu7hWj2/ltJN9vPJl5AwdOjnucFBW7S4DJAFVn61q1VThn5h0TUZqG83MFi6\ntY6KiTofgGut+cjq2LT75axrfNHoXjteMFpzl67Z2QKCAQB7GK6HlAqL7o5i2hBU\nPQNQ16zQ4W84RZf04LNmMZMfUx7u9xA/G7K3ELpxneFd4KCH6RGBU+W+W1xeUh6L\nM5KXadBtV88qy1b+yoXshywSfWADzKPCBS51yNwdHh9FwGu30bFS40qZYtECEoxQ\nwF/EA4j4AlZ6MwXsVPwtB1YkIwx80XiwgrkErExr2x5KwQUxE7/pren7xMIS9Miz\ne3uTpv8tCUD+h8N9YUScwY8wNqhpoLHqMxZkHzfXeV2t1FEitJOMvIkyordWpht2\nQ015S7cdab/jXeQvaxitb72z5HwTdC8r7w1nxjkShKEyrY1i+O/RR992RNEj+TsB\nxU8xAoIBAGN4QMl1HlpbQB4MdvReNJhoc2meppCp/DdTY4k4fIqx+T7ajy8cUSvk\nMIRsTczJlF407cDWTP+C6VI/Rj9ktSkuAZXARszntEfjb1mkw+M7Ii7m6N2/ea7B\nXZaIMjrQWyI5Zb6+e4mAjFN0ejAWQE72RBF8SQrsr6gvIjZPcaxVnnMEbMe3MZu3\nfoyvn4sKDCiQfewc0wBCtdN5CHGL6BFFtlXoU/wX9sBYcOzIrv8nkg9iuU2GKlSc\niTfnGYR9H3zs48adZBejKZ/DPMay6uoDZcDXIQak5ACNFTKvKStJ3D2LQGDHTjK3\neGjfPLd6RxjBX0P+WHN+rI+TOyCm0uECggEAWp97XYvdrkae2LZ6hF4+jnEdNU0R\n+NfFfyA1G8XIsBuGBw3AoppLX/Gb+1/0L2xJ2JRsq1D704oJ45ZkKnhjyPnK8Lk0\nzR2ZUKiPcprM/SWXU/5hCPg1zCbmqUxpzq8plcgFbQuDUL5koqcuaUr/s2TzNdQu\n6wh/1B8qvU0vHSK+Hb0+eUOMBqABGVzNf08ps0A+jFkrwytr6eZ22iYkgFB88ty4\n7J812Ez/55tl6ciWGvcvY1yXiGfakjizD9WtvHAlZRi09kkv3O/K88tcLDjde3fs\nZzAnmRIcJZA+AgjoqSb5B5JGWK++m6RjlHzk4MWw/nALcEcnXalTnL+bCw==\n-----END RSA PRIVATE KEY-----\n",
            "private_key_pem_pkcs8": "-----BEGIN PRIVATE KEY-----\nMIIJQQIBADANBgkqhkiG9w0BAQEFAASCCSswggknAgEAAoICAQDBs5tvkZR7fE/s\n9FBfBKEI5KtAHJjrzJgjUxB/JodpzQZV31/+niu3LCPlVedLOiwAZGr/cgnd3uIv\nmXkgKsf2/6J4Rvp0ARR1athDyNOtQ2wANqjuwHHAnGckp8EformjBbiX3fzG2VrN\nshK8el8rbfnV6no0Hkzo10aUH9bXPJNfSR7XN1mDNE+qQPuxvaTrFf5znfy7Gf0H\nCNEYJuKiILKF30pL7QDqd3JHHWDnEwT1PIKb4jvdQLJTl4ayaOr23pPcKTqV9pOF\na9R3Vybpi+rdXLlMnses0G7BsjwT3GX1vdFxOO9HOCBGU6f9NmpfdkrwmSzQQ9Kq\n++Mu0mrCoVxfxFx4RgoVvoA+vqVKI+YpaU47W2COz/UL/4C3JRcuEs/W/mPIcXJe\nyMlJeiMp7EF+q8XdPz6QIQHASWTmc65/aSaMTP8D1FKmQluXMaTCYSMusbuERatF\ncgqrK2qVO2efKOVzEB7Evirzg8hzWvm9gw17a24yGrAyNiR+cP0ioUD/eNQSycuQ\nEC3cpEJ0GFj63Aa7G+yPEuExi4cnRQvy/N0HeHAqMJpUQTXk3QBGAMCk1pKGsmVZ\nxKlvwzf7uVw0U/i84teOdN/iPIJ0MljVaUOMHLF3hssY/owozusMb4KZQUot1v0s\nCt+5IA4ltv5n6vKVBLG1zgXgGbCQPQIDAQABAoICAELLM3NCiSgX0tvL15ccWodd\niuv9sIHHOEMeFpcx6woByAh+kXSUiFCOqQYhHDPlqFyuQ/M4GMzoWai+THVaK0Ay\nII1HNIAiCzL+F/sv2kZp9GkScCh8Nf2MMUkDi+Xj0A22IFRGGS9criI2IJ3buMua\nDcfFJkSomi7EZTMY05W+7rax2S+vh29l736vD9vXoHHsUKT/urGuIYF2edvRNN9h\nVQ4y1ETgQiuX6tE5ATxNY61JI2Srm6cM8zE+FBWbdkKQt/34PZqOv4oHh+lrJSDt\nvZx9p+wS6Jnf+gFS+8KBgqs9vGZFksVFRmPZ3xjC1eV7PhY/S6O5b4DEgS+ZIXTI\naHGZOocIlcXXzXe+8iQ0AZSK+uZzlI5KjBa7WcrwRfRfJaR46HJXlA9r5hpMCmAa\nky8ej8p+dlDt10mv5J2VlcJ4yZD8LHl9yI/xDNCFJMe99kNA9cJkgj2U7/TK6uL5\nORY4+zbWFDNQ48d6AwG+vRBoRH+MpooEjvBknzQqyc44eu0eBWRBwoeqhxDDtmvR\nia9k86cgqo+ZV9OkUf+EmLVshqrWUs2f4hLhd+29+e8WLsRDBriFqQB0bCNoJ0gb\nXmn4XJtEKjiMJGrWDN6wz65fWP/8NeByAs9PxCWzJOb5NwaTRm8qAfRihcQ2sQpK\nJaCbwLHY4+I+9GizpQOhAoIBAQDcr2vgFaPXR05qOVWex8bz8qZk4uV8GRml6ylA\n8C664e5d/l6qyaRPBHbmCQprL+rFU5G0zE/LHxWNiHrI+Lq/aFfIe3OffSQtnSa7\n07CDnBJFnSvUQIrnQsP03fC7kKKjZx6XzOOLc+bS14L6dV+F5D9Gh2YF1kNkVKe/\ntZ9wiCRNaQ4MPK8ugkM6vNCPo8jjLrPftxU3e4uGXVxpsJugqnGWkQgJsoiQzGNf\nQWESx+WPEGlmlhdpj07mbwTXJQ1pKxkUa9S+c6WICRcyRcaNTMiEOMoAQ7q8Zwcz\n6Kj+I3Z2J9nnngYnhaZ6u1AjD+IWSSFgqqc3sH+SRCxyoGcFAoIBAQDgssZyn0Cx\nRPRUHWkDHcNHcqOUJ4hpd/FUGzP18N+pcRZHZsyWvmNA4rVIyXzZxOzVIIrVbw58\nu/4RpzNF4Fg4gEoDVY/OJjNRAE+Z9gZaa0a3H7qUPsA0efMmxT1DwV4D7Cncq8Tq\nMB/NLmSiFPgavdjj31ak4bQoOfoMOhi9iCkE7nTLes45MFcBblYlJSjKJPoBS31h\nSkfYmZIuswjDhNB9E4kFk4an7hS6uok6eO8ViY227uFaPb+W0k3288mXkDB06Oe5\nwUFbtLgMkAVWfrWrVVOGfmHRNRmobzcwWLq1joqJOh+Aa635yOrYtPvlrGt80ehe\nO14wWnOXrtnZAoIBAHsYroeUCovujmLaEFQ9A1DXrNDhbzhFl/Tgs2Yxkx9THu73\nED8bsrcQunGd4V3goIfpEYFT5b5bXF5SHoszkpdp0G1XzyrLVv7KheyHLBJ9YAPM\no8IFLnXI3B0eH0XAa7fRsVLjSpli0QISjFDAX8QDiPgCVnozBexU/C0HViQjDHzR\neLCCuQSsTGvbHkrBBTETv+mt6fvEwhL0yLN7e5Om/y0JQP6Hw31hRJzBjzA2qGmg\nseozFmQfN9d5Xa3UUSK0k4y8iTKit1amG3ZDTXlLtx1pv+Nd5C9rGK1vvbPkfBN0\nLyvvDWfGORKEoTKtjWL479FH33ZE0SP5OwHFTzECggEAY3hAyXUeWltAHgx29F40\nmGhzaZ6mkKn8N1NjiTh8irH5PtqPLxxRK+QwhGxNzMmUXjTtwNZM/4LpUj9GP2S1\nKS4BlcBGzOe0R+NvWaTD4zsiLubo3b95rsFdlogyOtBbIjllvr57iYCMU3R6MBZA\nTvZEEXxJCuyvqC8iNk9xrFWecwRsx7cxm7d+jK+fiwoMKJB97BzTAEK103kIcYvo\nEUW2VehT/Bf2wFhw7Miu/yeSD2K5TYYqVJyJN+cZhH0ffOzjxp1kF6Mpn8M8xrLq\n6gNlwNchBqTkAI0VMq8pK0ncPYtAYMdOMrd4aN88t3pHGMFfQ/5Yc36sj5M7IKbS\n4QKCAQBan3tdi92uRp7YtnqEXj6OcR01TRH418V/IDUbxciwG4YHDcCimktf8Zv7\nX/QvbEnYlGyrUPvTignjlmQqeGPI+crwuTTNHZlQqI9ymsz9JZdT/mEI+DXMJuap\nTGnOrymVyAVtC4NQvmSipy5pSv+zZPM11C7rCH/UHyq9TS8dIr4dvT55Q4wGoAEZ\nXM1/TymzQD6MWSvDK2vp5nbaJiSAUHzy3LjsnzXYTP/nm2XpyJYa9y9jXJeIZ9qS\nOLMP1a28cCVlGLT2SS/c78rzy1wsON17d+xnMCeZEhwlkD4CCOipJvkHkkZYr76b\npGOUfOTgxbD+cAtwRyddqVOcv5sL\n-----END PRIVATE KEY-----\n",
            "public_key_fingerprint_md5": "15:42:bb:82:e9:fd:14:23:d4:50:5d:34:cb:0c:bc:91",
            "public_key_fingerprint_sha256": "SHA256:0i0HRazIGFIiVj+tkQiWPrKQCPG0RfYeHUKuGU8gDFY",
            "public_key_openssh": "ssh-rsa AAAAB3NzaC1yc2EAAAADAQABAAACAQDBs5tvkZR7fE/s9FBfBKEI5KtAHJjrzJgjUxB/JodpzQZV31/+niu3LCPlVedLOiwAZGr/cgnd3uIvmXkgKsf2/6J4Rvp0ARR1athDyNOtQ2wANqjuwHHAnGckp8EformjBbiX3fzG2VrNshK8el8rbfnV6no0Hkzo10aUH9bXPJNfSR7XN1mDNE+qQPuxvaTrFf5znfy7Gf0HCNEYJuKiILKF30pL7QDqd3JHHWDnEwT1PIKb4jvdQLJTl4ayaOr23pPcKTqV9pOFa9R3Vybpi+rdXLlMnses0G7BsjwT3GX1vdFxOO9HOCBGU6f9NmpfdkrwmSzQQ9Kq++Mu0mrCoVxfxFx4RgoVvoA+vqVKI+YpaU47W2COz/UL/4C3JRcuEs/W/mPIcXJeyMlJeiMp7EF+q8XdPz6QIQHASWTmc65/aSaMTP8D1FKmQluXMaTCYSMusbuERatFcgqrK2qVO2efKOVzEB7Evirzg8hzWvm9gw17a24yGrAyNiR+cP0ioUD/eNQSycuQEC3cpEJ0GFj63Aa7G+yPEuExi4cnRQvy/N0HeHAqMJpUQTXk3QBGAMCk1pKGsmVZxKlvwzf7uVw0U/i84teOdN/iPIJ0MljVaUOMHLF3hssY/owozusMb4KZQUot1v0sCt+5IA4ltv5n6vKVBLG1zgXgGbCQPQ==\n",
            "public_key_pem": "-----BEGIN PUBLIC KEY-----\nMIICIjANBgkqhkiG9w0BAQEFAAOCAg8AMIICCgKCAgEAwbObb5GUe3xP7PRQXwSh\nCOSrQByY68yYI1MQfyaHac0GVd9f/p4rtywj5VXnSzosAGRq/3IJ3d7iL5l5ICrH\n9v+ieEb6dAEUdWrYQ8jTrUNsADao7sBxwJxnJKfBH6K5owW4l938xtlazbISvHpf\nK2351ep6NB5M6NdGlB/W1zyTX0ke1zdZgzRPqkD7sb2k6xX+c538uxn9BwjRGCbi\noiCyhd9KS+0A6ndyRx1g5xME9TyCm+I73UCyU5eGsmjq9t6T3Ck6lfaThWvUd1cm\n6Yvq3Vy5TJ7HrNBuwbI8E9xl9b3RcTjvRzggRlOn/TZqX3ZK8Jks0EPSqvvjLtJq\nwqFcX8RceEYKFb6APr6lSiPmKWlOO1tgjs/1C/+AtyUXLhLP1v5jyHFyXsjJSXoj\nKexBfqvF3T8+kCEBwElk5nOuf2kmjEz/A9RSpkJblzGkwmEjLrG7hEWrRXIKqytq\nlTtnnyjlcxAexL4q84PIc1r5vYMNe2tuMhqwMjYkfnD9IqFA/3jUEsnLkBAt3KRC\ndBhY+twGuxvsjxLhMYuHJ0UL8vzdB3hwKjCaVEE15N0ARgDApNaShrJlWcSpb8M3\n+7lcNFP4vOLXjnTf4jyCdDJY1WlDjByxd4bLGP6MKM7rDG+CmUFKLdb9LArfuSAO\nJbb+Z+rylQSxtc4F4BmwkD0CAwEAAQ==\n-----END PUBLIC KEY-----\n",
            "rsa_bits": 4096
          },
          "sensitive_attributes": [],
          "dependencies": [
            "module.vpc.aws_cloudwatch_log_group.flow_log",
            "module.vpc.aws_customer_gateway.this",
            "module.vpc.aws_db_subnet_group.database",
            "module.vpc.aws_default_network_acl.this",
            "module.vpc.aws_default_route_table.default",
            "module.vpc.aws_default_security_group.this",
            "module.vpc.aws_default_vpc.this",
            "module.vpc.aws_egress_only_internet_gateway.this",
            "module.vpc.aws_eip.nat",
            "module.vpc.aws_elasticache_subnet_group.elasticache",
            "module.vpc.aws_flow_log.this",
            "module.vpc.aws_iam_policy.vpc_flow_log_cloudwatch",
            "module.vpc.aws_iam_role.vpc_flow_log_cloudwatch",
            "module.vpc.aws_iam_role_policy_attachment.vpc_flow_log_cloudwatch",
            "module.vpc.aws_internet_gateway.this",
            "module.vpc.aws_nat_gateway.this",
            "module.vpc.aws_network_acl.database",
            "module.vpc.aws_network_acl.elasticache",
            "module.vpc.aws_network_acl.intra",
            "module.vpc.aws_network_acl.outpost",
            "module.vpc.aws_network_acl.private",
            "module.vpc.aws_network_acl.public",
            "module.vpc.aws_network_acl.redshift",
            "module.vpc.aws_network_acl_rule.database_inbound",
            "module.vpc.aws_network_acl_rule.database_outbound",
            "module.vpc.aws_network_acl_rule.elasticache_inbound",
            "module.vpc.aws_network_acl_rule.elasticache_outbound",
            "module.vpc.aws_network_acl_rule.intra_inbound",
            "module.vpc.aws_network_acl_rule.intra_outbound",
            "module.vpc.aws_network_acl_rule.outpost_inbound",
            "module.vpc.aws_network_acl_rule.outpost_outbound",
            "module.vpc.aws_network_acl_rule.private_inbound",
            "module.vpc.aws_network_acl_rule.private_outbound",
            "module.vpc.aws_network_acl_rule.public_inbound",
            "module.vpc.aws_network_acl_rule.public_outbound",
            "module.vpc.aws_network_acl_rule.redshift_inbound",
            "module.vpc.aws_network_acl_rule.redshift_outbound",
            "module.vpc.aws_redshift_subnet_group.redshift",
            "module.vpc.aws_route.database_internet_gateway",
            "module.vpc.aws_route.database_ipv6_egress",
            "module.vpc.aws_route.database_nat_gateway",
            "module.vpc.aws_route.private_ipv6_egress",
            "module.vpc.aws_route.private_nat_gateway",
            "module.vpc.aws_route.public_internet_gateway",
            "module.vpc.aws_route.public_internet_gateway_ipv6",
            "module.vpc.aws_route_table.database",
            "module.vpc.aws_route_table.elasticache",
            "module.vpc.aws_route_table.intra",
            "module.vpc.aws_route_table.private",
            "module.vpc.aws_route_table.public",
            "module.vpc.aws_route_table.redshift",
            "module.vpc.aws_route_table_association.database",
            "module.vpc.aws_route_table_association.elasticache",
            "module.vpc.aws_route_table_association.intra",
            "module.vpc.aws_route_table_association.outpost",
            "module.vpc.aws_route_table_association.private",
            "module.vpc.aws_route_table_association.public",
            "module.vpc.aws_route_table_association.redshift",
            "module.vpc.aws_route_table_association.redshift_public",
            "module.vpc.aws_subnet.database",
            "module.vpc.aws_subnet.elasticache",
            "module.vpc.aws_subnet.intra",
            "module.vpc.aws_subnet.outpost",
            "module.vpc.aws_subnet.private",
            "module.vpc.aws_subnet.public",
            "module.vpc.aws_subnet.redshift",
            "module.vpc.aws_vpc.this",
            "module.vpc.aws_vpc_dhcp_options.this",
            "module.vpc.aws_vpc_dhcp_options_association.this",
            "module.vpc.aws_vpc_ipv4_cidr_block_association.this",
            "module.vpc.aws_vpn_gateway.this",
            "module.vpc.aws_vpn_gateway_attachment.this",
            "module.vpc.aws_vpn_gateway_route_propagation.intra",
            "module.vpc.aws_vpn_gateway_route_propagation.private",
            "module.vpc.aws_vpn_gateway_route_propagation.public",
            "module.vpc.data.aws_iam_policy_document.flow_log_cloudwatch_assume_role",
            "module.vpc.data.aws_iam_policy_document.vpc_flow_log_cloudwatch"
          ]
        }
      ]
    },
    {
      "module": "module.vpc",
      "mode": "managed",
      "type": "aws_eip",
      "name": "nat",
      "provider": "provider[\"registry.terraform.io/hashicorp/aws\"]",
      "instances": [
        {
          "index_key": 0,
          "schema_version": 0,
          "attributes": {
            "address": null,
            "allocation_id": "eipalloc-08cc4e8eff0540f23",
            "associate_with_private_ip": null,
            "association_id": "eipassoc-0ef31fb938e05dcde",
            "carrier_ip": "",
            "customer_owned_ip": "",
            "customer_owned_ipv4_pool": "",
            "domain": "vpc",
            "id": "eipalloc-08cc4e8eff0540f23",
            "instance": "",
            "network_border_group": "us-east-1",
            "network_interface": "eni-001a1f99e867070dc",
            "private_dns": "ip-172-23-7-164.ec2.internal",
            "private_ip": "172.23.7.164",
            "public_dns": "ec2-54-158-97-213.compute-1.amazonaws.com",
            "public_ip": "54.158.97.213",
            "public_ipv4_pool": "amazon",
            "tags": {
              "Name": "VPC-us-east-1a"
            },
            "tags_all": {
              "Name": "VPC-us-east-1a"
            },
            "timeouts": null,
            "vpc": true
          },
          "sensitive_attributes": [],
          "private": "eyJlMmJmYjczMC1lY2FhLTExZTYtOGY4OC0zNDM2M2JjN2M0YzAiOnsiZGVsZXRlIjoxODAwMDAwMDAwMDAsInJlYWQiOjkwMDAwMDAwMDAwMCwidXBkYXRlIjozMDAwMDAwMDAwMDB9fQ=="
        }
      ]
    },
    {
      "module": "module.vpc",
      "mode": "managed",
      "type": "aws_internet_gateway",
      "name": "this",
      "provider": "provider[\"registry.terraform.io/hashicorp/aws\"]",
      "instances": [
        {
          "index_key": 0,
          "schema_version": 0,
          "attributes": {
            "arn": "arn:aws:ec2:us-east-1:391416143899:internet-gateway/igw-0c190e0472ba64a24",
            "id": "igw-0c190e0472ba64a24",
            "owner_id": "391416143899",
            "tags": {
              "Name": "VPC"
            },
            "tags_all": {
              "Name": "VPC"
            },
            "vpc_id": "vpc-0283eb905c84f33a6"
          },
          "sensitive_attributes": [],
          "private": "bnVsbA==",
          "dependencies": [
            "module.vpc.aws_vpc.this",
            "module.vpc.aws_vpc_ipv4_cidr_block_association.this"
          ]
        }
      ]
    },
    {
      "module": "module.vpc",
      "mode": "managed",
      "type": "aws_nat_gateway",
      "name": "this",
      "provider": "provider[\"registry.terraform.io/hashicorp/aws\"]",
      "instances": [
        {
          "index_key": 0,
          "schema_version": 0,
          "attributes": {
            "allocation_id": "eipalloc-08cc4e8eff0540f23",
            "connectivity_type": "public",
            "id": "nat-0fe5ea8e08bcf377f",
            "network_interface_id": "eni-001a1f99e867070dc",
            "private_ip": "172.23.7.164",
            "public_ip": "54.158.97.213",
            "subnet_id": "subnet-0488afc7c77dc6c46",
            "tags": {
              "Name": "caldera-test_natgateway"
            },
            "tags_all": {
              "Name": "caldera-test_natgateway"
            }
          },
          "sensitive_attributes": [],
          "private": "bnVsbA==",
          "dependencies": [
            "module.vpc.aws_eip.nat",
            "module.vpc.aws_internet_gateway.this",
            "module.vpc.aws_subnet.public",
            "module.vpc.aws_vpc.this",
            "module.vpc.aws_vpc_ipv4_cidr_block_association.this"
          ]
        }
      ]
    },
    {
      "module": "module.vpc",
      "mode": "managed",
      "type": "aws_route",
      "name": "private_nat_gateway",
      "provider": "provider[\"registry.terraform.io/hashicorp/aws\"]",
      "instances": [
        {
          "index_key": 0,
          "schema_version": 0,
          "attributes": {
            "carrier_gateway_id": "",
            "core_network_arn": "",
            "destination_cidr_block": "0.0.0.0/0",
            "destination_ipv6_cidr_block": "",
            "destination_prefix_list_id": "",
            "egress_only_gateway_id": "",
            "gateway_id": "",
            "id": "r-rtb-018042f572828809c1080289494",
            "instance_id": "",
            "instance_owner_id": "",
            "local_gateway_id": "",
            "nat_gateway_id": "nat-0fe5ea8e08bcf377f",
            "network_interface_id": "",
            "origin": "CreateRoute",
            "route_table_id": "rtb-018042f572828809c",
            "state": "active",
            "timeouts": {
              "create": "5m",
              "delete": null,
              "update": null
            },
            "transit_gateway_id": "",
            "vpc_endpoint_id": "",
            "vpc_peering_connection_id": ""
          },
          "sensitive_attributes": [],
          "private": "eyJlMmJmYjczMC1lY2FhLTExZTYtOGY4OC0zNDM2M2JjN2M0YzAiOnsiY3JlYXRlIjozMDAwMDAwMDAwMDAsImRlbGV0ZSI6MzAwMDAwMDAwMDAwLCJ1cGRhdGUiOjEyMDAwMDAwMDAwMH19",
          "dependencies": [
            "module.vpc.aws_eip.nat",
            "module.vpc.aws_internet_gateway.this",
            "module.vpc.aws_nat_gateway.this",
            "module.vpc.aws_route_table.private",
            "module.vpc.aws_subnet.public",
            "module.vpc.aws_vpc.this",
            "module.vpc.aws_vpc_ipv4_cidr_block_association.this"
          ]
        }
      ]
    },
    {
      "module": "module.vpc",
      "mode": "managed",
      "type": "aws_route",
      "name": "public_internet_gateway",
      "provider": "provider[\"registry.terraform.io/hashicorp/aws\"]",
      "instances": [
        {
          "index_key": 0,
          "schema_version": 0,
          "attributes": {
            "carrier_gateway_id": "",
            "core_network_arn": "",
            "destination_cidr_block": "0.0.0.0/0",
            "destination_ipv6_cidr_block": "",
            "destination_prefix_list_id": "",
            "egress_only_gateway_id": "",
            "gateway_id": "igw-0c190e0472ba64a24",
            "id": "r-rtb-07a93f3519cae584a1080289494",
            "instance_id": "",
            "instance_owner_id": "",
            "local_gateway_id": "",
            "nat_gateway_id": "",
            "network_interface_id": "",
            "origin": "CreateRoute",
            "route_table_id": "rtb-07a93f3519cae584a",
            "state": "active",
            "timeouts": {
              "create": "5m",
              "delete": null,
              "update": null
            },
            "transit_gateway_id": "",
            "vpc_endpoint_id": "",
            "vpc_peering_connection_id": ""
          },
          "sensitive_attributes": [],
          "private": "eyJlMmJmYjczMC1lY2FhLTExZTYtOGY4OC0zNDM2M2JjN2M0YzAiOnsiY3JlYXRlIjozMDAwMDAwMDAwMDAsImRlbGV0ZSI6MzAwMDAwMDAwMDAwLCJ1cGRhdGUiOjEyMDAwMDAwMDAwMH19",
          "dependencies": [
            "module.vpc.aws_internet_gateway.this",
            "module.vpc.aws_route_table.public",
            "module.vpc.aws_vpc.this",
            "module.vpc.aws_vpc_ipv4_cidr_block_association.this"
          ]
        }
      ]
    },
    {
      "module": "module.vpc",
      "mode": "managed",
      "type": "aws_route_table",
      "name": "private",
      "provider": "provider[\"registry.terraform.io/hashicorp/aws\"]",
      "instances": [
        {
          "index_key": 0,
          "schema_version": 0,
          "attributes": {
            "arn": "arn:aws:ec2:us-east-1:391416143899:route-table/rtb-018042f572828809c",
            "id": "rtb-018042f572828809c",
            "owner_id": "391416143899",
            "propagating_vgws": [],
            "route": [
              {
                "carrier_gateway_id": "",
                "cidr_block": "0.0.0.0/0",
                "core_network_arn": "",
                "destination_prefix_list_id": "",
                "egress_only_gateway_id": "",
                "gateway_id": "",
                "instance_id": "",
                "ipv6_cidr_block": "",
                "local_gateway_id": "",
                "nat_gateway_id": "nat-0fe5ea8e08bcf377f",
                "network_interface_id": "",
                "transit_gateway_id": "",
                "vpc_endpoint_id": "",
                "vpc_peering_connection_id": ""
              }
            ],
            "tags": {
              "Name": "VPC-private"
            },
            "tags_all": {
              "Name": "VPC-private"
            },
            "timeouts": null,
            "vpc_id": "vpc-0283eb905c84f33a6"
          },
          "sensitive_attributes": [],
          "private": "eyJlMmJmYjczMC1lY2FhLTExZTYtOGY4OC0zNDM2M2JjN2M0YzAiOnsiY3JlYXRlIjozMDAwMDAwMDAwMDAsImRlbGV0ZSI6MzAwMDAwMDAwMDAwLCJ1cGRhdGUiOjEyMDAwMDAwMDAwMH19",
          "dependencies": [
            "module.vpc.aws_vpc.this",
            "module.vpc.aws_vpc_ipv4_cidr_block_association.this"
          ]
        }
      ]
    },
    {
      "module": "module.vpc",
      "mode": "managed",
      "type": "aws_route_table",
      "name": "public",
      "provider": "provider[\"registry.terraform.io/hashicorp/aws\"]",
      "instances": [
        {
          "index_key": 0,
          "schema_version": 0,
          "attributes": {
            "arn": "arn:aws:ec2:us-east-1:391416143899:route-table/rtb-07a93f3519cae584a",
            "id": "rtb-07a93f3519cae584a",
            "owner_id": "391416143899",
            "propagating_vgws": [],
            "route": [
              {
                "carrier_gateway_id": "",
                "cidr_block": "0.0.0.0/0",
                "core_network_arn": "",
                "destination_prefix_list_id": "",
                "egress_only_gateway_id": "",
                "gateway_id": "igw-0c190e0472ba64a24",
                "instance_id": "",
                "ipv6_cidr_block": "",
                "local_gateway_id": "",
                "nat_gateway_id": "",
                "network_interface_id": "",
                "transit_gateway_id": "",
                "vpc_endpoint_id": "",
                "vpc_peering_connection_id": ""
              }
            ],
            "tags": {
              "Name": "VPC-public"
            },
            "tags_all": {
              "Name": "VPC-public"
            },
            "timeouts": null,
            "vpc_id": "vpc-0283eb905c84f33a6"
          },
          "sensitive_attributes": [],
          "private": "eyJlMmJmYjczMC1lY2FhLTExZTYtOGY4OC0zNDM2M2JjN2M0YzAiOnsiY3JlYXRlIjozMDAwMDAwMDAwMDAsImRlbGV0ZSI6MzAwMDAwMDAwMDAwLCJ1cGRhdGUiOjEyMDAwMDAwMDAwMH19",
          "dependencies": [
            "module.vpc.aws_vpc.this",
            "module.vpc.aws_vpc_ipv4_cidr_block_association.this"
          ]
        }
      ]
    },
    {
      "module": "module.vpc",
      "mode": "managed",
      "type": "aws_route_table_association",
      "name": "private",
      "provider": "provider[\"registry.terraform.io/hashicorp/aws\"]",
      "instances": [
        {
          "index_key": 0,
          "schema_version": 0,
          "attributes": {
            "gateway_id": "",
            "id": "rtbassoc-0a386784ff25c1df8",
            "route_table_id": "rtb-018042f572828809c",
            "subnet_id": "subnet-07d4948a0362864fc"
          },
          "sensitive_attributes": [],
          "private": "bnVsbA==",
          "dependencies": [
            "module.vpc.aws_route_table.private",
            "module.vpc.aws_subnet.private",
            "module.vpc.aws_vpc.this",
            "module.vpc.aws_vpc_ipv4_cidr_block_association.this"
          ]
        },
        {
          "index_key": 1,
          "schema_version": 0,
          "attributes": {
            "gateway_id": "",
            "id": "rtbassoc-0ae3aad73736a5fe1",
            "route_table_id": "rtb-018042f572828809c",
            "subnet_id": "subnet-0ce6ae11c91871ed1"
          },
          "sensitive_attributes": [],
          "private": "bnVsbA==",
          "dependencies": [
            "module.vpc.aws_route_table.private",
            "module.vpc.aws_subnet.private",
            "module.vpc.aws_vpc.this",
            "module.vpc.aws_vpc_ipv4_cidr_block_association.this"
          ]
        },
        {
          "index_key": 2,
          "schema_version": 0,
          "attributes": {
            "gateway_id": "",
            "id": "rtbassoc-01efdb9d4c8096697",
            "route_table_id": "rtb-018042f572828809c",
            "subnet_id": "subnet-073fdadf89598c7cb"
          },
          "sensitive_attributes": [],
          "private": "bnVsbA==",
          "dependencies": [
            "module.vpc.aws_route_table.private",
            "module.vpc.aws_subnet.private",
            "module.vpc.aws_vpc.this",
            "module.vpc.aws_vpc_ipv4_cidr_block_association.this"
          ]
        },
        {
          "index_key": 3,
          "schema_version": 0,
          "attributes": {
            "gateway_id": "",
            "id": "rtbassoc-05f1d711daad0d792",
            "route_table_id": "rtb-018042f572828809c",
            "subnet_id": "subnet-00d08e55b02154c86"
          },
          "sensitive_attributes": [],
          "private": "bnVsbA==",
          "dependencies": [
            "module.vpc.aws_route_table.private",
            "module.vpc.aws_subnet.private",
            "module.vpc.aws_vpc.this",
            "module.vpc.aws_vpc_ipv4_cidr_block_association.this"
          ]
        },
        {
          "index_key": 4,
          "schema_version": 0,
          "attributes": {
            "gateway_id": "",
            "id": "rtbassoc-0a2505926172bce27",
            "route_table_id": "rtb-018042f572828809c",
            "subnet_id": "subnet-06a1fa3d336ce3a7c"
          },
          "sensitive_attributes": [],
          "private": "bnVsbA==",
          "dependencies": [
            "module.vpc.aws_route_table.private",
            "module.vpc.aws_subnet.private",
            "module.vpc.aws_vpc.this",
            "module.vpc.aws_vpc_ipv4_cidr_block_association.this"
          ]
        }
      ]
    },
    {
      "module": "module.vpc",
      "mode": "managed",
      "type": "aws_route_table_association",
      "name": "public",
      "provider": "provider[\"registry.terraform.io/hashicorp/aws\"]",
      "instances": [
        {
          "index_key": 0,
          "schema_version": 0,
          "attributes": {
            "gateway_id": "",
            "id": "rtbassoc-0ca0e32460063f3c7",
            "route_table_id": "rtb-07a93f3519cae584a",
            "subnet_id": "subnet-0488afc7c77dc6c46"
          },
          "sensitive_attributes": [],
          "private": "bnVsbA==",
          "dependencies": [
            "module.vpc.aws_route_table.public",
            "module.vpc.aws_subnet.public",
            "module.vpc.aws_vpc.this",
            "module.vpc.aws_vpc_ipv4_cidr_block_association.this"
          ]
        },
        {
          "index_key": 1,
          "schema_version": 0,
          "attributes": {
            "gateway_id": "",
            "id": "rtbassoc-01a6683cfb8a0149f",
            "route_table_id": "rtb-07a93f3519cae584a",
            "subnet_id": "subnet-056f7b9022a1a552c"
          },
          "sensitive_attributes": [],
          "private": "bnVsbA==",
          "dependencies": [
            "module.vpc.aws_route_table.public",
            "module.vpc.aws_subnet.public",
            "module.vpc.aws_vpc.this",
            "module.vpc.aws_vpc_ipv4_cidr_block_association.this"
          ]
        },
        {
          "index_key": 2,
          "schema_version": 0,
          "attributes": {
            "gateway_id": "",
            "id": "rtbassoc-0293802da1069006e",
            "route_table_id": "rtb-07a93f3519cae584a",
            "subnet_id": "subnet-06ce8f5a1ac45df57"
          },
          "sensitive_attributes": [],
          "private": "bnVsbA==",
          "dependencies": [
            "module.vpc.aws_route_table.public",
            "module.vpc.aws_subnet.public",
            "module.vpc.aws_vpc.this",
            "module.vpc.aws_vpc_ipv4_cidr_block_association.this"
          ]
        },
        {
          "index_key": 3,
          "schema_version": 0,
          "attributes": {
            "gateway_id": "",
            "id": "rtbassoc-086cc38e8780fd534",
            "route_table_id": "rtb-07a93f3519cae584a",
            "subnet_id": "subnet-0fb5365d48fb93a10"
          },
          "sensitive_attributes": [],
          "private": "bnVsbA==",
          "dependencies": [
            "module.vpc.aws_route_table.public",
            "module.vpc.aws_subnet.public",
            "module.vpc.aws_vpc.this",
            "module.vpc.aws_vpc_ipv4_cidr_block_association.this"
          ]
        },
        {
          "index_key": 4,
          "schema_version": 0,
          "attributes": {
            "gateway_id": "",
            "id": "rtbassoc-0b2885ee85b9da7e3",
            "route_table_id": "rtb-07a93f3519cae584a",
            "subnet_id": "subnet-0826e0cc30062c494"
          },
          "sensitive_attributes": [],
          "private": "bnVsbA==",
          "dependencies": [
            "module.vpc.aws_route_table.public",
            "module.vpc.aws_subnet.public",
            "module.vpc.aws_vpc.this",
            "module.vpc.aws_vpc_ipv4_cidr_block_association.this"
          ]
        }
      ]
    },
    {
      "module": "module.vpc",
      "mode": "managed",
      "type": "aws_subnet",
      "name": "private",
      "provider": "provider[\"registry.terraform.io/hashicorp/aws\"]",
      "instances": [
        {
          "index_key": 0,
          "schema_version": 1,
          "attributes": {
            "arn": "arn:aws:ec2:us-east-1:391416143899:subnet/subnet-07d4948a0362864fc",
            "assign_ipv6_address_on_creation": false,
            "availability_zone": "us-east-1a",
            "availability_zone_id": "use1-az2",
            "cidr_block": "172.23.0.0/22",
            "customer_owned_ipv4_pool": "",
            "enable_dns64": false,
            "enable_resource_name_dns_a_record_on_launch": false,
            "enable_resource_name_dns_aaaa_record_on_launch": false,
            "id": "subnet-07d4948a0362864fc",
            "ipv6_cidr_block": "",
            "ipv6_cidr_block_association_id": "",
            "ipv6_native": false,
            "map_customer_owned_ip_on_launch": false,
            "map_public_ip_on_launch": false,
            "outpost_arn": "",
            "owner_id": "391416143899",
            "private_dns_hostname_type_on_launch": "ip-name",
            "tags": {
              "Name": "caldera-test_private"
            },
            "tags_all": {
              "Name": "caldera-test_private"
            },
            "timeouts": null,
            "vpc_id": "vpc-0283eb905c84f33a6"
          },
          "sensitive_attributes": [],
          "private": "eyJlMmJmYjczMC1lY2FhLTExZTYtOGY4OC0zNDM2M2JjN2M0YzAiOnsiY3JlYXRlIjo2MDAwMDAwMDAwMDAsImRlbGV0ZSI6MTIwMDAwMDAwMDAwMH0sInNjaGVtYV92ZXJzaW9uIjoiMSJ9",
          "dependencies": [
            "module.vpc.aws_vpc.this",
            "module.vpc.aws_vpc_ipv4_cidr_block_association.this"
          ]
        },
        {
          "index_key": 1,
          "schema_version": 1,
          "attributes": {
            "arn": "arn:aws:ec2:us-east-1:391416143899:subnet/subnet-0ce6ae11c91871ed1",
            "assign_ipv6_address_on_creation": false,
            "availability_zone": "us-east-1b",
            "availability_zone_id": "use1-az4",
            "cidr_block": "172.23.32.0/22",
            "customer_owned_ipv4_pool": "",
            "enable_dns64": false,
            "enable_resource_name_dns_a_record_on_launch": false,
            "enable_resource_name_dns_aaaa_record_on_launch": false,
            "id": "subnet-0ce6ae11c91871ed1",
            "ipv6_cidr_block": "",
            "ipv6_cidr_block_association_id": "",
            "ipv6_native": false,
            "map_customer_owned_ip_on_launch": false,
            "map_public_ip_on_launch": false,
            "outpost_arn": "",
            "owner_id": "391416143899",
            "private_dns_hostname_type_on_launch": "ip-name",
            "tags": {
              "Name": "caldera-test_private"
            },
            "tags_all": {
              "Name": "caldera-test_private"
            },
            "timeouts": null,
            "vpc_id": "vpc-0283eb905c84f33a6"
          },
          "sensitive_attributes": [],
          "private": "eyJlMmJmYjczMC1lY2FhLTExZTYtOGY4OC0zNDM2M2JjN2M0YzAiOnsiY3JlYXRlIjo2MDAwMDAwMDAwMDAsImRlbGV0ZSI6MTIwMDAwMDAwMDAwMH0sInNjaGVtYV92ZXJzaW9uIjoiMSJ9",
          "dependencies": [
            "module.vpc.aws_vpc.this",
            "module.vpc.aws_vpc_ipv4_cidr_block_association.this"
          ]
        },
        {
          "index_key": 2,
          "schema_version": 1,
          "attributes": {
            "arn": "arn:aws:ec2:us-east-1:391416143899:subnet/subnet-073fdadf89598c7cb",
            "assign_ipv6_address_on_creation": false,
            "availability_zone": "us-east-1c",
            "availability_zone_id": "use1-az6",
            "cidr_block": "172.23.64.0/22",
            "customer_owned_ipv4_pool": "",
            "enable_dns64": false,
            "enable_resource_name_dns_a_record_on_launch": false,
            "enable_resource_name_dns_aaaa_record_on_launch": false,
            "id": "subnet-073fdadf89598c7cb",
            "ipv6_cidr_block": "",
            "ipv6_cidr_block_association_id": "",
            "ipv6_native": false,
            "map_customer_owned_ip_on_launch": false,
            "map_public_ip_on_launch": false,
            "outpost_arn": "",
            "owner_id": "391416143899",
            "private_dns_hostname_type_on_launch": "ip-name",
            "tags": {
              "Name": "caldera-test_private"
            },
            "tags_all": {
              "Name": "caldera-test_private"
            },
            "timeouts": null,
            "vpc_id": "vpc-0283eb905c84f33a6"
          },
          "sensitive_attributes": [],
          "private": "eyJlMmJmYjczMC1lY2FhLTExZTYtOGY4OC0zNDM2M2JjN2M0YzAiOnsiY3JlYXRlIjo2MDAwMDAwMDAwMDAsImRlbGV0ZSI6MTIwMDAwMDAwMDAwMH0sInNjaGVtYV92ZXJzaW9uIjoiMSJ9",
          "dependencies": [
            "module.vpc.aws_vpc.this",
            "module.vpc.aws_vpc_ipv4_cidr_block_association.this"
          ]
        },
        {
          "index_key": 3,
          "schema_version": 1,
          "attributes": {
            "arn": "arn:aws:ec2:us-east-1:391416143899:subnet/subnet-00d08e55b02154c86",
            "assign_ipv6_address_on_creation": false,
            "availability_zone": "us-east-1d",
            "availability_zone_id": "use1-az1",
            "cidr_block": "172.23.96.0/22",
            "customer_owned_ipv4_pool": "",
            "enable_dns64": false,
            "enable_resource_name_dns_a_record_on_launch": false,
            "enable_resource_name_dns_aaaa_record_on_launch": false,
            "id": "subnet-00d08e55b02154c86",
            "ipv6_cidr_block": "",
            "ipv6_cidr_block_association_id": "",
            "ipv6_native": false,
            "map_customer_owned_ip_on_launch": false,
            "map_public_ip_on_launch": false,
            "outpost_arn": "",
            "owner_id": "391416143899",
            "private_dns_hostname_type_on_launch": "ip-name",
            "tags": {
              "Name": "caldera-test_private"
            },
            "tags_all": {
              "Name": "caldera-test_private"
            },
            "timeouts": null,
            "vpc_id": "vpc-0283eb905c84f33a6"
          },
          "sensitive_attributes": [],
          "private": "eyJlMmJmYjczMC1lY2FhLTExZTYtOGY4OC0zNDM2M2JjN2M0YzAiOnsiY3JlYXRlIjo2MDAwMDAwMDAwMDAsImRlbGV0ZSI6MTIwMDAwMDAwMDAwMH0sInNjaGVtYV92ZXJzaW9uIjoiMSJ9",
          "dependencies": [
            "module.vpc.aws_vpc.this",
            "module.vpc.aws_vpc_ipv4_cidr_block_association.this"
          ]
        },
        {
          "index_key": 4,
          "schema_version": 1,
          "attributes": {
            "arn": "arn:aws:ec2:us-east-1:391416143899:subnet/subnet-06a1fa3d336ce3a7c",
            "assign_ipv6_address_on_creation": false,
            "availability_zone": "us-east-1f",
            "availability_zone_id": "use1-az5",
            "cidr_block": "172.23.160.0/22",
            "customer_owned_ipv4_pool": "",
            "enable_dns64": false,
            "enable_resource_name_dns_a_record_on_launch": false,
            "enable_resource_name_dns_aaaa_record_on_launch": false,
            "id": "subnet-06a1fa3d336ce3a7c",
            "ipv6_cidr_block": "",
            "ipv6_cidr_block_association_id": "",
            "ipv6_native": false,
            "map_customer_owned_ip_on_launch": false,
            "map_public_ip_on_launch": false,
            "outpost_arn": "",
            "owner_id": "391416143899",
            "private_dns_hostname_type_on_launch": "ip-name",
            "tags": {
              "Name": "caldera-test_private"
            },
            "tags_all": {
              "Name": "caldera-test_private"
            },
            "timeouts": null,
            "vpc_id": "vpc-0283eb905c84f33a6"
          },
          "sensitive_attributes": [],
          "private": "eyJlMmJmYjczMC1lY2FhLTExZTYtOGY4OC0zNDM2M2JjN2M0YzAiOnsiY3JlYXRlIjo2MDAwMDAwMDAwMDAsImRlbGV0ZSI6MTIwMDAwMDAwMDAwMH0sInNjaGVtYV92ZXJzaW9uIjoiMSJ9",
          "dependencies": [
            "module.vpc.aws_vpc.this",
            "module.vpc.aws_vpc_ipv4_cidr_block_association.this"
          ]
        }
      ]
    },
    {
      "module": "module.vpc",
      "mode": "managed",
      "type": "aws_subnet",
      "name": "public",
      "provider": "provider[\"registry.terraform.io/hashicorp/aws\"]",
      "instances": [
        {
          "index_key": 0,
          "schema_version": 1,
          "attributes": {
            "arn": "arn:aws:ec2:us-east-1:391416143899:subnet/subnet-0488afc7c77dc6c46",
            "assign_ipv6_address_on_creation": false,
            "availability_zone": "us-east-1a",
            "availability_zone_id": "use1-az2",
            "cidr_block": "172.23.4.0/22",
            "customer_owned_ipv4_pool": "",
            "enable_dns64": false,
            "enable_resource_name_dns_a_record_on_launch": false,
            "enable_resource_name_dns_aaaa_record_on_launch": false,
            "id": "subnet-0488afc7c77dc6c46",
            "ipv6_cidr_block": "",
            "ipv6_cidr_block_association_id": "",
            "ipv6_native": false,
            "map_customer_owned_ip_on_launch": false,
            "map_public_ip_on_launch": true,
            "outpost_arn": "",
            "owner_id": "391416143899",
            "private_dns_hostname_type_on_launch": "ip-name",
            "tags": {
              "Name": "caldera-test_public"
            },
            "tags_all": {
              "Name": "caldera-test_public"
            },
            "timeouts": null,
            "vpc_id": "vpc-0283eb905c84f33a6"
          },
          "sensitive_attributes": [],
          "private": "eyJlMmJmYjczMC1lY2FhLTExZTYtOGY4OC0zNDM2M2JjN2M0YzAiOnsiY3JlYXRlIjo2MDAwMDAwMDAwMDAsImRlbGV0ZSI6MTIwMDAwMDAwMDAwMH0sInNjaGVtYV92ZXJzaW9uIjoiMSJ9",
          "dependencies": [
            "module.vpc.aws_vpc.this",
            "module.vpc.aws_vpc_ipv4_cidr_block_association.this"
          ]
        },
        {
          "index_key": 1,
          "schema_version": 1,
          "attributes": {
            "arn": "arn:aws:ec2:us-east-1:391416143899:subnet/subnet-056f7b9022a1a552c",
            "assign_ipv6_address_on_creation": false,
            "availability_zone": "us-east-1b",
            "availability_zone_id": "use1-az4",
            "cidr_block": "172.23.36.0/22",
            "customer_owned_ipv4_pool": "",
            "enable_dns64": false,
            "enable_resource_name_dns_a_record_on_launch": false,
            "enable_resource_name_dns_aaaa_record_on_launch": false,
            "id": "subnet-056f7b9022a1a552c",
            "ipv6_cidr_block": "",
            "ipv6_cidr_block_association_id": "",
            "ipv6_native": false,
            "map_customer_owned_ip_on_launch": false,
            "map_public_ip_on_launch": true,
            "outpost_arn": "",
            "owner_id": "391416143899",
            "private_dns_hostname_type_on_launch": "ip-name",
            "tags": {
              "Name": "caldera-test_public"
            },
            "tags_all": {
              "Name": "caldera-test_public"
            },
            "timeouts": null,
            "vpc_id": "vpc-0283eb905c84f33a6"
          },
          "sensitive_attributes": [],
          "private": "eyJlMmJmYjczMC1lY2FhLTExZTYtOGY4OC0zNDM2M2JjN2M0YzAiOnsiY3JlYXRlIjo2MDAwMDAwMDAwMDAsImRlbGV0ZSI6MTIwMDAwMDAwMDAwMH0sInNjaGVtYV92ZXJzaW9uIjoiMSJ9",
          "dependencies": [
            "module.vpc.aws_vpc.this",
            "module.vpc.aws_vpc_ipv4_cidr_block_association.this"
          ]
        },
        {
          "index_key": 2,
          "schema_version": 1,
          "attributes": {
            "arn": "arn:aws:ec2:us-east-1:391416143899:subnet/subnet-06ce8f5a1ac45df57",
            "assign_ipv6_address_on_creation": false,
            "availability_zone": "us-east-1c",
            "availability_zone_id": "use1-az6",
            "cidr_block": "172.23.68.0/22",
            "customer_owned_ipv4_pool": "",
            "enable_dns64": false,
            "enable_resource_name_dns_a_record_on_launch": false,
            "enable_resource_name_dns_aaaa_record_on_launch": false,
            "id": "subnet-06ce8f5a1ac45df57",
            "ipv6_cidr_block": "",
            "ipv6_cidr_block_association_id": "",
            "ipv6_native": false,
            "map_customer_owned_ip_on_launch": false,
            "map_public_ip_on_launch": true,
            "outpost_arn": "",
            "owner_id": "391416143899",
            "private_dns_hostname_type_on_launch": "ip-name",
            "tags": {
              "Name": "caldera-test_public"
            },
            "tags_all": {
              "Name": "caldera-test_public"
            },
            "timeouts": null,
            "vpc_id": "vpc-0283eb905c84f33a6"
          },
          "sensitive_attributes": [],
          "private": "eyJlMmJmYjczMC1lY2FhLTExZTYtOGY4OC0zNDM2M2JjN2M0YzAiOnsiY3JlYXRlIjo2MDAwMDAwMDAwMDAsImRlbGV0ZSI6MTIwMDAwMDAwMDAwMH0sInNjaGVtYV92ZXJzaW9uIjoiMSJ9",
          "dependencies": [
            "module.vpc.aws_vpc.this",
            "module.vpc.aws_vpc_ipv4_cidr_block_association.this"
          ]
        },
        {
          "index_key": 3,
          "schema_version": 1,
          "attributes": {
            "arn": "arn:aws:ec2:us-east-1:391416143899:subnet/subnet-0fb5365d48fb93a10",
            "assign_ipv6_address_on_creation": false,
            "availability_zone": "us-east-1d",
            "availability_zone_id": "use1-az1",
            "cidr_block": "172.23.100.0/22",
            "customer_owned_ipv4_pool": "",
            "enable_dns64": false,
            "enable_resource_name_dns_a_record_on_launch": false,
            "enable_resource_name_dns_aaaa_record_on_launch": false,
            "id": "subnet-0fb5365d48fb93a10",
            "ipv6_cidr_block": "",
            "ipv6_cidr_block_association_id": "",
            "ipv6_native": false,
            "map_customer_owned_ip_on_launch": false,
            "map_public_ip_on_launch": true,
            "outpost_arn": "",
            "owner_id": "391416143899",
            "private_dns_hostname_type_on_launch": "ip-name",
            "tags": {
              "Name": "caldera-test_public"
            },
            "tags_all": {
              "Name": "caldera-test_public"
            },
            "timeouts": null,
            "vpc_id": "vpc-0283eb905c84f33a6"
          },
          "sensitive_attributes": [],
          "private": "eyJlMmJmYjczMC1lY2FhLTExZTYtOGY4OC0zNDM2M2JjN2M0YzAiOnsiY3JlYXRlIjo2MDAwMDAwMDAwMDAsImRlbGV0ZSI6MTIwMDAwMDAwMDAwMH0sInNjaGVtYV92ZXJzaW9uIjoiMSJ9",
          "dependencies": [
            "module.vpc.aws_vpc.this",
            "module.vpc.aws_vpc_ipv4_cidr_block_association.this"
          ]
        },
        {
          "index_key": 4,
          "schema_version": 1,
          "attributes": {
            "arn": "arn:aws:ec2:us-east-1:391416143899:subnet/subnet-0826e0cc30062c494",
            "assign_ipv6_address_on_creation": false,
            "availability_zone": "us-east-1f",
            "availability_zone_id": "use1-az5",
            "cidr_block": "172.23.164.0/22",
            "customer_owned_ipv4_pool": "",
            "enable_dns64": false,
            "enable_resource_name_dns_a_record_on_launch": false,
            "enable_resource_name_dns_aaaa_record_on_launch": false,
            "id": "subnet-0826e0cc30062c494",
            "ipv6_cidr_block": "",
            "ipv6_cidr_block_association_id": "",
            "ipv6_native": false,
            "map_customer_owned_ip_on_launch": false,
            "map_public_ip_on_launch": true,
            "outpost_arn": "",
            "owner_id": "391416143899",
            "private_dns_hostname_type_on_launch": "ip-name",
            "tags": {
              "Name": "caldera-test_public"
            },
            "tags_all": {
              "Name": "caldera-test_public"
            },
            "timeouts": null,
            "vpc_id": "vpc-0283eb905c84f33a6"
          },
          "sensitive_attributes": [],
          "private": "eyJlMmJmYjczMC1lY2FhLTExZTYtOGY4OC0zNDM2M2JjN2M0YzAiOnsiY3JlYXRlIjo2MDAwMDAwMDAwMDAsImRlbGV0ZSI6MTIwMDAwMDAwMDAwMH0sInNjaGVtYV92ZXJzaW9uIjoiMSJ9",
          "dependencies": [
            "module.vpc.aws_vpc.this",
            "module.vpc.aws_vpc_ipv4_cidr_block_association.this"
          ]
        }
      ]
    },
    {
      "module": "module.vpc",
      "mode": "managed",
      "type": "aws_vpc",
      "name": "this",
      "provider": "provider[\"registry.terraform.io/hashicorp/aws\"]",
      "instances": [
        {
          "index_key": 0,
          "schema_version": 1,
          "attributes": {
            "arn": "arn:aws:ec2:us-east-1:391416143899:vpc/vpc-0283eb905c84f33a6",
            "assign_generated_ipv6_cidr_block": false,
            "cidr_block": "172.23.0.0/16",
            "default_network_acl_id": "acl-052c2278f2a498ba1",
            "default_route_table_id": "rtb-03d95256f0c14cc78",
            "default_security_group_id": "sg-05628d403506876f7",
            "dhcp_options_id": "dopt-07db2fe572c59fffd",
            "enable_classiclink": false,
            "enable_classiclink_dns_support": false,
            "enable_dns_hostnames": true,
            "enable_dns_support": true,
            "id": "vpc-0283eb905c84f33a6",
            "instance_tenancy": "default",
            "ipv4_ipam_pool_id": null,
            "ipv4_netmask_length": null,
            "ipv6_association_id": "",
            "ipv6_cidr_block": "",
            "ipv6_cidr_block_network_border_group": "",
            "ipv6_ipam_pool_id": "",
            "ipv6_netmask_length": 0,
            "main_route_table_id": "rtb-03d95256f0c14cc78",
            "owner_id": "391416143899",
            "tags": {
              "Name": "VPC"
            },
            "tags_all": {
              "Name": "VPC"
            }
          },
          "sensitive_attributes": [],
          "private": "eyJzY2hlbWFfdmVyc2lvbiI6IjEifQ=="
        }
      ]
    }
  ]
}
