{
  "version": 4,
  "terraform_version": "1.2.4",
  "serial": 34,
  "lineage": "aa21eafa-8ddb-cb3c-aadf-65b8002a8151",
  "outputs": {
    "caldera_server_id": {
      "value": "i-048d241c6c1dff3f4",
      "type": "string"
    },
    "caldera_server_ip": {
      "value": "44.203.23.139",
      "type": "string"
    },
    "rsa_private_key": {
      "value": "-----BEGIN RSA PRIVATE KEY-----\nMIIJJwIBAAKCAgEA7F9XcZW4Gw9E/OLNlEQsTCsVJ3zwEzURNkMiW6dB/sbkfoNH\n+wz9lnaLtWWJByUSdpn7Beya0/PK7gbfK8s8L9mfbczv6M+DYCrDslvWQ3pk39dx\n/md0deDjmJlaCOG5ewGoh1udE9/Ox3t4dzlkJ9tJRMzhkYUJNDDxuItcsxXyg2ro\n/W0hbma1j/Pq5h2lCArkVuYxE05L8rBLFvoMso4RMiadbMaI/aXTm8o8EUVcSX1E\nolInXqUPfIVk16uxmCf1TcKJTK9veZZEKKrTDK+xYgpwrDaCuWj/WlFxSuGrlmKR\nFVWsdhPpcICsniBwf7p1xWz0iDO1ODSk2JANlpgMmYrDDkxnrCxIkdHXM/nxptoW\nOpiwqpFs+gxzHwZ083sZU608u5u2XrsqbkM71nhN9KnTwzbVvdGs7F1vo7CIwVMn\nZsU6GEWtYlN0YKFL3v4V1uDosITDm+BQu2rJ9Q3KB0ySCnF1X7PYDPJVJXn434/4\nllW76aZvWtZTMWhyPQMAGLCpmnX/WiGA6QDiJ6Nj6nH4tr1VN6n28cbyZROmvYrK\nJEXfz4DH2MSVjS3uTmOLOatRn1iRzyrDdMLoNUziMW2iK1EdYR+6RdPp35YuotP3\nZx7+cCJhB5whkBn8tr4PDpjXDeiEUAKYaffzAbDZ7sGROKzBjRHvcUjWn/8CAwEA\nAQKCAgBg+/WbCz1RDQDXag/Dx/0M+5hgbWjr2JhJVV5hkM0JRn42UpNUNM5P0DAe\nq5x/q/xZYXCXy67zTFJ1O6iSBX+aeoZpvO6q7YoQCTvmkLvnT+7X0URaiARG4ZFA\n6ZsBjexWxiVp9HMM1oW3X7fb41Zu7BCyBAaBeL6ABZ0IhVXxvQ2WUmVqpj5TWB0j\nBYfaB0vRcvahmS2FqFiNKTyGHu7azGPN2f45xXQr7sBWabIfu//Tv2xL1b2FneAu\nzWTFAROLRMnnr+w55Lmuf7NTpFOYHvZ/LZ1xa6RTgvtTCZuch9+pgqPYxyBOCnl7\nybAJ6XF/Vvg/mybyQ5UVjLQej2yjFZwJfY607/VZGvJF+1N0qn3NgjLzc4QJ1WFr\nWW1lIfZU+4EsgAoYZFzUgi8F+OXhVygwGbzq6x89mxt+GDqTB2vSqGMrvuJHJoNT\n5yYKoJbyJMeXNrzyB8tixGbYtnmA9w5cp9FaqdVkUfYMt5d4OQvkgUq3jf3LU7aP\ntZZHgYKxKKV8cAqHGc0+XuPH6XR2EkSr08VkdHFlr4KkRgfw+Fy3d2SaPzwKcZvo\nSZ7xshYkmgGkGmnOy5nMd/CzXp4+DkW14ivNuy5vOMnLZfwAUu76nqgwmQtZ98ua\nFHGlm1+h2B/7EusHll2vIS0Z4RGCP8MGLk/fooq22f7OCd8ykQKCAQEA7SHs00E3\nILm6jR02Qufqk2mNnOzW6bf6WtR2mgtNVo0ZLlvNLQNWQFCGhYOs89zKE+vQtZpX\nw6d36vZ1suNmXfLSIsoUyyXW+srVK8ttHzkZC3zAFddczn/lAhTyYVaV1RcZmSy/\nS1va2FHWg86Rsbx5/HC/rDOZV14hpcUBLXX9Vorui2EBNRXRvDOOwA6w5IFxc2FK\npzuw3xHlWRL1Br0PmMIw3sqlQwsqkCq/jJSA7eWFtmyJp4Gyf41WX3O2wha9S4md\nfY1O0NNI+Iie/NHY0tXjk5btEMKwMRoJMz4irkISlP3cVWldZiA5sXHtW1i+ypdP\nF1wkauhEAWs4AwKCAQEA/y3vNdH6N8laIehYXQQKfbfyjGxNGNKYK6xxJBDRSxw0\niM/N5C5sqgrq75FQYaHvf2znyV+W+ej6RNa07nCjSOLM21mk5dub793dC2Ki+std\nPxE8IOuBU3f+iegcTsGTp15yytqApDRiOpvzUTh0qj74tdR8116Gtlz9vmNzduxO\nMFhnMbBW84c5kQ5NPJ1RK/X4H7q9gVZg/QtcM9+PuyL+PQMUcIYnlC1/JBtVpWOQ\nVohhJhixLqruD19d+KkPDg/6ovv5n+KbwAzvCR74JBRTNseJDfc9RjtLNnEp0k1a\nDCpnqWLGl3QUzMEL8ceX0NssaRXr6+6aBI70YSGtVQKCAQBwn4oxE2oxWsSlPNiG\nkksw1BL0EvBHdJ+s//eMVg3XK5BoGiWqWUlfpl8djlpYP+ah63/moHVKcYFc0M05\ntxLpT+hJqZySl1gxKKBx+l3LVHz2nbtFJFHpqYiEopozbMIgwKXhwATir6+SyduO\nIk/EEHYHVS1ThfYwLn7gkl5qzv0RW07MV7gRFFnWfs4vnUqaXHgbinvATXNFnuRE\nl+JT3vtHXAOF7MzsuKLwcb0j8WwCkN4etBH0wn6aYfBByV1ldRNWiveHp9NlDtQ7\nZffMr4XBLOC3OhlBupWf3HO+KKakCLF2ndNFpZM8a9W61xcaKV4ELjTcLWEGfWW/\nHsMtAoIBAE1bBGgBVmPw8xTSVW8lGXUQ/UMaVajPtneO1+GCA6BMVZSfwh+I/0Hw\n+1VSbNab+3lab015X9A0kyGpIMIjfSxMLKPWIgnYMAZf8HFSHmv+mC7VL7AfFF5U\nQuJVbbdmMTeMhyn9YP/mLVztB664eY1ed5DPcGTtb9L6j6VWipsjeXRoaCgE9+bt\nOEND3aAhZIj6EJS1zFrX76Dl/7Zt8Clfq0idlWWjFX5y6FbuvmDbtNa2kxS0aYnn\nITGhzF/kB/9QUr9zuTGBxYtLoG7YZ4qwaqVxiZelOnr+4IcJeQ8aidCkTjZoDiG9\ne8yyPMe3pMsYlfbpQVKNSz1UhLqpNd0CggEABSoP0tmp7+GtKE2x9Hbp0Vs5gjFp\nr7Mwue5u7Nn5EGbuPMyMl0vBfDNrkx8dmD+/dF63i/vmGJGkI3AXbNR20cWYG25N\nwRuT7yKCIqd/Map8H7mtsWSV3dWHU7e0fyGS1M43B0kRXlDoWSOUpXMW1i6yiwrH\n1lzHCDDLnfZwczQMpMtAiodS61w3jB5e34Wy7SoreeMCR/XJvYk1vUYuUHwOt++K\n2Lve+x8xtRcaxrdftW4zJwA6a9U3dXMhbfxwqwisZfTSFHGlw2Y1bzhDfhDJJhVS\njZfv0YR8/joTIzdS4NoV3stKZWd0P2f8H3YbRtRQ32jiVaa2g2LJtLWs0A==\n-----END RSA PRIVATE KEY-----\n",
      "type": "string"
    }
  },
  "resources": [
    {
      "mode": "managed",
      "type": "aws_instance",
      "name": "caldera_server",
      "provider": "provider[\"registry.terraform.io/hashicorp/aws\"]",
      "instances": [
        {
          "schema_version": 1,
          "attributes": {
            "ami": "ami-09d56f8956ab235b3",
            "arn": "arn:aws:ec2:us-east-1:143499875247:instance/i-048d241c6c1dff3f4",
            "associate_public_ip_address": true,
            "availability_zone": "us-east-1a",
            "capacity_reservation_specification": [
              {
                "capacity_reservation_preference": "open",
                "capacity_reservation_target": []
              }
            ],
            "cpu_core_count": 1,
            "cpu_threads_per_core": 2,
            "credit_specification": [
              {
                "cpu_credits": "unlimited"
              }
            ],
            "disable_api_stop": false,
            "disable_api_termination": false,
            "ebs_block_device": [],
            "ebs_optimized": false,
            "enclave_options": [
              {
                "enabled": false
              }
            ],
            "ephemeral_block_device": [],
            "get_password_data": false,
            "hibernation": false,
            "host_id": null,
            "iam_instance_profile": "",
            "id": "i-048d241c6c1dff3f4",
            "instance_initiated_shutdown_behavior": "stop",
            "instance_state": "running",
            "instance_type": "t3.medium",
            "ipv6_address_count": 0,
            "ipv6_addresses": [],
            "key_name": "caldera-nodes",
            "launch_template": [],
            "maintenance_options": [
              {
                "auto_recovery": "default"
              }
            ],
            "metadata_options": [
              {
                "http_endpoint": "enabled",
                "http_put_response_hop_limit": 1,
                "http_tokens": "optional",
                "instance_metadata_tags": "disabled"
              }
            ],
            "monitoring": false,
            "network_interface": [],
            "outpost_arn": "",
            "password_data": "",
            "placement_group": "",
            "placement_partition_number": null,
            "primary_network_interface_id": "eni-041251b2ef39d1aa9",
            "private_dns": "ip-172-23-6-95.ec2.internal",
            "private_dns_name_options": [
              {
                "enable_resource_name_dns_a_record": false,
                "enable_resource_name_dns_aaaa_record": false,
                "hostname_type": "ip-name"
              }
            ],
            "private_ip": "172.23.6.95",
            "public_dns": "ec2-44-203-23-139.compute-1.amazonaws.com",
            "public_ip": "44.203.23.139",
            "root_block_device": [
              {
                "delete_on_termination": true,
                "device_name": "/dev/sda1",
                "encrypted": false,
                "iops": 100,
                "kms_key_id": "",
                "tags": {},
                "throughput": 0,
                "volume_id": "vol-0dcae86026851b248",
                "volume_size": 8,
                "volume_type": "gp2"
              }
            ],
            "secondary_private_ips": [],
            "security_groups": [],
            "source_dest_check": true,
            "subnet_id": "subnet-09272e74a276c4764",
            "tags": {
              "Name": "caldera_server",
              "environment": "caldera-test"
            },
            "tags_all": {
              "Name": "caldera_server",
              "environment": "caldera-test"
            },
            "tenancy": "default",
            "timeouts": null,
            "user_data": null,
            "user_data_base64": null,
            "user_data_replace_on_change": false,
            "volume_tags": null,
            "vpc_security_group_ids": [
              "sg-0a701779cb12a0d97"
            ]
          },
          "sensitive_attributes": [],
          "private": "eyJlMmJmYjczMC1lY2FhLTExZTYtOGY4OC0zNDM2M2JjN2M0YzAiOnsiY3JlYXRlIjo2MDAwMDAwMDAwMDAsImRlbGV0ZSI6MTIwMDAwMDAwMDAwMCwidXBkYXRlIjo2MDAwMDAwMDAwMDB9LCJzY2hlbWFfdmVyc2lvbiI6IjEifQ==",
          "dependencies": [
            "aws_security_group.sg_caldera_server",
            "module.aws_rsa_key.aws_key_pair.worker",
            "module.aws_rsa_key.local_file.ssh_local",
            "module.aws_rsa_key.tls_private_key.ssh_key",
            "module.vpc.aws_cloudwatch_log_group.flow_log",
            "module.vpc.aws_customer_gateway.this",
            "module.vpc.aws_db_subnet_group.database",
            "module.vpc.aws_default_network_acl.this",
            "module.vpc.aws_default_route_table.default",
            "module.vpc.aws_default_security_group.this",
            "module.vpc.aws_default_vpc.this",
            "module.vpc.aws_egress_only_internet_gateway.this",
            "module.vpc.aws_eip.nat",
            "module.vpc.aws_elasticache_subnet_group.elasticache",
            "module.vpc.aws_flow_log.this",
            "module.vpc.aws_iam_policy.vpc_flow_log_cloudwatch",
            "module.vpc.aws_iam_role.vpc_flow_log_cloudwatch",
            "module.vpc.aws_iam_role_policy_attachment.vpc_flow_log_cloudwatch",
            "module.vpc.aws_internet_gateway.this",
            "module.vpc.aws_nat_gateway.this",
            "module.vpc.aws_network_acl.database",
            "module.vpc.aws_network_acl.elasticache",
            "module.vpc.aws_network_acl.intra",
            "module.vpc.aws_network_acl.outpost",
            "module.vpc.aws_network_acl.private",
            "module.vpc.aws_network_acl.public",
            "module.vpc.aws_network_acl.redshift",
            "module.vpc.aws_network_acl_rule.database_inbound",
            "module.vpc.aws_network_acl_rule.database_outbound",
            "module.vpc.aws_network_acl_rule.elasticache_inbound",
            "module.vpc.aws_network_acl_rule.elasticache_outbound",
            "module.vpc.aws_network_acl_rule.intra_inbound",
            "module.vpc.aws_network_acl_rule.intra_outbound",
            "module.vpc.aws_network_acl_rule.outpost_inbound",
            "module.vpc.aws_network_acl_rule.outpost_outbound",
            "module.vpc.aws_network_acl_rule.private_inbound",
            "module.vpc.aws_network_acl_rule.private_outbound",
            "module.vpc.aws_network_acl_rule.public_inbound",
            "module.vpc.aws_network_acl_rule.public_outbound",
            "module.vpc.aws_network_acl_rule.redshift_inbound",
            "module.vpc.aws_network_acl_rule.redshift_outbound",
            "module.vpc.aws_redshift_subnet_group.redshift",
            "module.vpc.aws_route.database_internet_gateway",
            "module.vpc.aws_route.database_ipv6_egress",
            "module.vpc.aws_route.database_nat_gateway",
            "module.vpc.aws_route.private_ipv6_egress",
            "module.vpc.aws_route.private_nat_gateway",
            "module.vpc.aws_route.public_internet_gateway",
            "module.vpc.aws_route.public_internet_gateway_ipv6",
            "module.vpc.aws_route_table.database",
            "module.vpc.aws_route_table.elasticache",
            "module.vpc.aws_route_table.intra",
            "module.vpc.aws_route_table.private",
            "module.vpc.aws_route_table.public",
            "module.vpc.aws_route_table.redshift",
            "module.vpc.aws_route_table_association.database",
            "module.vpc.aws_route_table_association.elasticache",
            "module.vpc.aws_route_table_association.intra",
            "module.vpc.aws_route_table_association.outpost",
            "module.vpc.aws_route_table_association.private",
            "module.vpc.aws_route_table_association.public",
            "module.vpc.aws_route_table_association.redshift",
            "module.vpc.aws_route_table_association.redshift_public",
            "module.vpc.aws_subnet.database",
            "module.vpc.aws_subnet.elasticache",
            "module.vpc.aws_subnet.intra",
            "module.vpc.aws_subnet.outpost",
            "module.vpc.aws_subnet.private",
            "module.vpc.aws_subnet.public",
            "module.vpc.aws_subnet.redshift",
            "module.vpc.aws_vpc.this",
            "module.vpc.aws_vpc_dhcp_options.this",
            "module.vpc.aws_vpc_dhcp_options_association.this",
            "module.vpc.aws_vpc_ipv4_cidr_block_association.this",
            "module.vpc.aws_vpn_gateway.this",
            "module.vpc.aws_vpn_gateway_attachment.this",
            "module.vpc.aws_vpn_gateway_route_propagation.intra",
            "module.vpc.aws_vpn_gateway_route_propagation.private",
            "module.vpc.aws_vpn_gateway_route_propagation.public",
            "module.vpc.data.aws_iam_policy_document.flow_log_cloudwatch_assume_role",
            "module.vpc.data.aws_iam_policy_document.vpc_flow_log_cloudwatch"
          ]
        }
      ]
    },
    {
      "mode": "managed",
      "type": "aws_security_group",
      "name": "sg_caldera_server",
      "provider": "provider[\"registry.terraform.io/hashicorp/aws\"]",
      "instances": [
        {
          "schema_version": 1,
          "attributes": {
            "arn": "arn:aws:ec2:us-east-1:143499875247:security-group/sg-0a701779cb12a0d97",
            "description": "Allow ports for caldera server",
            "egress": [
              {
                "cidr_blocks": [
                  "0.0.0.0/0"
                ],
                "description": "",
                "from_port": 0,
                "ipv6_cidr_blocks": [],
                "prefix_list_ids": [],
                "protocol": "-1",
                "security_groups": [],
                "self": false,
                "to_port": 0
              }
            ],
            "id": "sg-0a701779cb12a0d97",
            "ingress": [
              {
                "cidr_blocks": [
                  "0.0.0.0/0"
                ],
                "description": "Caldera server port",
                "from_port": 2288,
                "ipv6_cidr_blocks": [],
                "prefix_list_ids": [],
                "protocol": "tcp",
                "security_groups": [],
                "self": false,
                "to_port": 2288
              },
              {
                "cidr_blocks": [
                  "0.0.0.0/0"
                ],
                "description": "SSH from VPC",
                "from_port": 22,
                "ipv6_cidr_blocks": [],
                "prefix_list_ids": [],
                "protocol": "tcp",
                "security_groups": [],
                "self": false,
                "to_port": 22
              }
            ],
            "name": "sg_caldera_server",
            "name_prefix": "",
            "owner_id": "143499875247",
            "revoke_rules_on_delete": false,
            "tags": {
              "environment": "caldera-test"
            },
            "tags_all": {
              "environment": "caldera-test"
            },
            "timeouts": null,
            "vpc_id": "vpc-08c00cb124d77b5b2"
          },
          "sensitive_attributes": [],
          "private": "eyJlMmJmYjczMC1lY2FhLTExZTYtOGY4OC0zNDM2M2JjN2M0YzAiOnsiY3JlYXRlIjo2MDAwMDAwMDAwMDAsImRlbGV0ZSI6OTAwMDAwMDAwMDAwfSwic2NoZW1hX3ZlcnNpb24iOiIxIn0=",
          "dependencies": [
            "module.vpc.aws_vpc.this"
          ]
        }
      ]
    },
    {
      "module": "module.aws_rsa_key",
      "mode": "managed",
      "type": "aws_key_pair",
      "name": "worker",
      "provider": "provider[\"registry.terraform.io/hashicorp/aws\"]",
      "instances": [
        {
          "schema_version": 1,
          "attributes": {
            "arn": "arn:aws:ec2:us-east-1:143499875247:key-pair/caldera-nodes",
            "fingerprint": "90:e7:71:bc:74:e8:72:27:a2:cc:07:91:2f:53:ea:8d",
            "id": "caldera-nodes",
            "key_name": "caldera-nodes",
            "key_name_prefix": "",
            "key_pair_id": "key-01e16803421f4f0b4",
            "key_type": "rsa",
            "public_key": "ssh-rsa AAAAB3NzaC1yc2EAAAADAQABAAACAQDsX1dxlbgbD0T84s2URCxMKxUnfPATNRE2QyJbp0H+xuR+g0f7DP2Wdou1ZYkHJRJ2mfsF7JrT88ruBt8ryzwv2Z9tzO/oz4NgKsOyW9ZDemTf13H+Z3R14OOYmVoI4bl7AaiHW50T387He3h3OWQn20lEzOGRhQk0MPG4i1yzFfKDauj9bSFuZrWP8+rmHaUICuRW5jETTkvysEsW+gyyjhEyJp1sxoj9pdObyjwRRVxJfUSiUidepQ98hWTXq7GYJ/VNwolMr295lkQoqtMMr7FiCnCsNoK5aP9aUXFK4auWYpEVVax2E+lwgKyeIHB/unXFbPSIM7U4NKTYkA2WmAyZisMOTGesLEiR0dcz+fGm2hY6mLCqkWz6DHMfBnTzexlTrTy7m7ZeuypuQzvWeE30qdPDNtW90azsXW+jsIjBUydmxToYRa1iU3RgoUve/hXW4OiwhMOb4FC7asn1DcoHTJIKcXVfs9gM8lUlefjfj/iWVbvppm9a1lMxaHI9AwAYsKmadf9aIYDpAOIno2Pqcfi2vVU3qfbxxvJlE6a9isokRd/PgMfYxJWNLe5OY4s5q1GfWJHPKsN0wug1TOIxbaIrUR1hH7pF0+nfli6i0/dnHv5wImEHnCGQGfy2vg8OmNcN6IRQAphp9/MBsNnuwZE4rMGNEe9xSNaf/w==",
            "tags": {},
            "tags_all": {}
          },
          "sensitive_attributes": [],
          "private": "eyJzY2hlbWFfdmVyc2lvbiI6IjEifQ==",
          "dependencies": [
            "module.aws_rsa_key.tls_private_key.ssh_key",
            "module.vpc.aws_cloudwatch_log_group.flow_log",
            "module.vpc.aws_customer_gateway.this",
            "module.vpc.aws_db_subnet_group.database",
            "module.vpc.aws_default_network_acl.this",
            "module.vpc.aws_default_route_table.default",
            "module.vpc.aws_default_security_group.this",
            "module.vpc.aws_default_vpc.this",
            "module.vpc.aws_egress_only_internet_gateway.this",
            "module.vpc.aws_eip.nat",
            "module.vpc.aws_elasticache_subnet_group.elasticache",
            "module.vpc.aws_flow_log.this",
            "module.vpc.aws_iam_policy.vpc_flow_log_cloudwatch",
            "module.vpc.aws_iam_role.vpc_flow_log_cloudwatch",
            "module.vpc.aws_iam_role_policy_attachment.vpc_flow_log_cloudwatch",
            "module.vpc.aws_internet_gateway.this",
            "module.vpc.aws_nat_gateway.this",
            "module.vpc.aws_network_acl.database",
            "module.vpc.aws_network_acl.elasticache",
            "module.vpc.aws_network_acl.intra",
            "module.vpc.aws_network_acl.outpost",
            "module.vpc.aws_network_acl.private",
            "module.vpc.aws_network_acl.public",
            "module.vpc.aws_network_acl.redshift",
            "module.vpc.aws_network_acl_rule.database_inbound",
            "module.vpc.aws_network_acl_rule.database_outbound",
            "module.vpc.aws_network_acl_rule.elasticache_inbound",
            "module.vpc.aws_network_acl_rule.elasticache_outbound",
            "module.vpc.aws_network_acl_rule.intra_inbound",
            "module.vpc.aws_network_acl_rule.intra_outbound",
            "module.vpc.aws_network_acl_rule.outpost_inbound",
            "module.vpc.aws_network_acl_rule.outpost_outbound",
            "module.vpc.aws_network_acl_rule.private_inbound",
            "module.vpc.aws_network_acl_rule.private_outbound",
            "module.vpc.aws_network_acl_rule.public_inbound",
            "module.vpc.aws_network_acl_rule.public_outbound",
            "module.vpc.aws_network_acl_rule.redshift_inbound",
            "module.vpc.aws_network_acl_rule.redshift_outbound",
            "module.vpc.aws_redshift_subnet_group.redshift",
            "module.vpc.aws_route.database_internet_gateway",
            "module.vpc.aws_route.database_ipv6_egress",
            "module.vpc.aws_route.database_nat_gateway",
            "module.vpc.aws_route.private_ipv6_egress",
            "module.vpc.aws_route.private_nat_gateway",
            "module.vpc.aws_route.public_internet_gateway",
            "module.vpc.aws_route.public_internet_gateway_ipv6",
            "module.vpc.aws_route_table.database",
            "module.vpc.aws_route_table.elasticache",
            "module.vpc.aws_route_table.intra",
            "module.vpc.aws_route_table.private",
            "module.vpc.aws_route_table.public",
            "module.vpc.aws_route_table.redshift",
            "module.vpc.aws_route_table_association.database",
            "module.vpc.aws_route_table_association.elasticache",
            "module.vpc.aws_route_table_association.intra",
            "module.vpc.aws_route_table_association.outpost",
            "module.vpc.aws_route_table_association.private",
            "module.vpc.aws_route_table_association.public",
            "module.vpc.aws_route_table_association.redshift",
            "module.vpc.aws_route_table_association.redshift_public",
            "module.vpc.aws_subnet.database",
            "module.vpc.aws_subnet.elasticache",
            "module.vpc.aws_subnet.intra",
            "module.vpc.aws_subnet.outpost",
            "module.vpc.aws_subnet.private",
            "module.vpc.aws_subnet.public",
            "module.vpc.aws_subnet.redshift",
            "module.vpc.aws_vpc.this",
            "module.vpc.aws_vpc_dhcp_options.this",
            "module.vpc.aws_vpc_dhcp_options_association.this",
            "module.vpc.aws_vpc_ipv4_cidr_block_association.this",
            "module.vpc.aws_vpn_gateway.this",
            "module.vpc.aws_vpn_gateway_attachment.this",
            "module.vpc.aws_vpn_gateway_route_propagation.intra",
            "module.vpc.aws_vpn_gateway_route_propagation.private",
            "module.vpc.aws_vpn_gateway_route_propagation.public",
            "module.vpc.data.aws_iam_policy_document.flow_log_cloudwatch_assume_role",
            "module.vpc.data.aws_iam_policy_document.vpc_flow_log_cloudwatch"
          ]
        }
      ]
    },
    {
      "module": "module.aws_rsa_key",
      "mode": "managed",
      "type": "tls_private_key",
      "name": "ssh_key",
      "provider": "provider[\"registry.terraform.io/hashicorp/tls\"]",
      "instances": [
        {
          "schema_version": 1,
          "attributes": {
            "algorithm": "RSA",
            "ecdsa_curve": "P224",
            "id": "8e3ebaee00f064b7c2ad8f2890065e6a03f59937",
            "private_key_openssh": "-----BEGIN OPENSSH PRIVATE KEY-----\nb3BlbnNzaC1rZXktdjEAAAAABG5vbmUAAAAEbm9uZQAAAAAAAAABAAACFwAAAAdz\nc2gtcnNhAAAAAwEAAQAAAgEA7F9XcZW4Gw9E/OLNlEQsTCsVJ3zwEzURNkMiW6dB\n/sbkfoNH+wz9lnaLtWWJByUSdpn7Beya0/PK7gbfK8s8L9mfbczv6M+DYCrDslvW\nQ3pk39dx/md0deDjmJlaCOG5ewGoh1udE9/Ox3t4dzlkJ9tJRMzhkYUJNDDxuItc\nsxXyg2ro/W0hbma1j/Pq5h2lCArkVuYxE05L8rBLFvoMso4RMiadbMaI/aXTm8o8\nEUVcSX1EolInXqUPfIVk16uxmCf1TcKJTK9veZZEKKrTDK+xYgpwrDaCuWj/WlFx\nSuGrlmKRFVWsdhPpcICsniBwf7p1xWz0iDO1ODSk2JANlpgMmYrDDkxnrCxIkdHX\nM/nxptoWOpiwqpFs+gxzHwZ083sZU608u5u2XrsqbkM71nhN9KnTwzbVvdGs7F1v\no7CIwVMnZsU6GEWtYlN0YKFL3v4V1uDosITDm+BQu2rJ9Q3KB0ySCnF1X7PYDPJV\nJXn434/4llW76aZvWtZTMWhyPQMAGLCpmnX/WiGA6QDiJ6Nj6nH4tr1VN6n28cby\nZROmvYrKJEXfz4DH2MSVjS3uTmOLOatRn1iRzyrDdMLoNUziMW2iK1EdYR+6RdPp\n35YuotP3Zx7+cCJhB5whkBn8tr4PDpjXDeiEUAKYaffzAbDZ7sGROKzBjRHvcUjW\nn/8AAAc425gOXduYDl0AAAAHc3NoLXJzYQAAAgEA7F9XcZW4Gw9E/OLNlEQsTCsV\nJ3zwEzURNkMiW6dB/sbkfoNH+wz9lnaLtWWJByUSdpn7Beya0/PK7gbfK8s8L9mf\nbczv6M+DYCrDslvWQ3pk39dx/md0deDjmJlaCOG5ewGoh1udE9/Ox3t4dzlkJ9tJ\nRMzhkYUJNDDxuItcsxXyg2ro/W0hbma1j/Pq5h2lCArkVuYxE05L8rBLFvoMso4R\nMiadbMaI/aXTm8o8EUVcSX1EolInXqUPfIVk16uxmCf1TcKJTK9veZZEKKrTDK+x\nYgpwrDaCuWj/WlFxSuGrlmKRFVWsdhPpcICsniBwf7p1xWz0iDO1ODSk2JANlpgM\nmYrDDkxnrCxIkdHXM/nxptoWOpiwqpFs+gxzHwZ083sZU608u5u2XrsqbkM71nhN\n9KnTwzbVvdGs7F1vo7CIwVMnZsU6GEWtYlN0YKFL3v4V1uDosITDm+BQu2rJ9Q3K\nB0ySCnF1X7PYDPJVJXn434/4llW76aZvWtZTMWhyPQMAGLCpmnX/WiGA6QDiJ6Nj\n6nH4tr1VN6n28cbyZROmvYrKJEXfz4DH2MSVjS3uTmOLOatRn1iRzyrDdMLoNUzi\nMW2iK1EdYR+6RdPp35YuotP3Zx7+cCJhB5whkBn8tr4PDpjXDeiEUAKYaffzAbDZ\n7sGROKzBjRHvcUjWn/8AAAADAQABAAACAGD79ZsLPVENANdqD8PH/Qz7mGBtaOvY\nmElVXmGQzQlGfjZSk1Q0zk/QMB6rnH+r/FlhcJfLrvNMUnU7qJIFf5p6hmm87qrt\nihAJO+aQu+dP7tfRRFqIBEbhkUDpmwGN7FbGJWn0cwzWhbdft9vjVm7sELIEBoF4\nvoAFnQiFVfG9DZZSZWqmPlNYHSMFh9oHS9Fy9qGZLYWoWI0pPIYe7trMY83Z/jnF\ndCvuwFZpsh+7/9O/bEvVvYWd4C7NZMUBE4tEyeev7Dnkua5/s1OkU5ge9n8tnXFr\npFOC+1MJm5yH36mCo9jHIE4KeXvJsAnpcX9W+D+bJvJDlRWMtB6PbKMVnAl9jrTv\n9Vka8kX7U3Sqfc2CMvNzhAnVYWtZbWUh9lT7gSyAChhkXNSCLwX45eFXKDAZvOrr\nHz2bG34YOpMHa9KoYyu+4kcmg1PnJgqglvIkx5c2vPIHy2LEZti2eYD3Dlyn0Vqp\n1WRR9gy3l3g5C+SBSreN/ctTto+1lkeBgrEopXxwCocZzT5e48fpdHYSRKvTxWR0\ncWWvgqRGB/D4XLd3ZJo/PApxm+hJnvGyFiSaAaQaac7Lmcx38LNenj4ORbXiK827\nLm84yctl/ABS7vqeqDCZC1n3y5oUcaWbX6HYH/sS6weWXa8hLRnhEYI/wwYuT9+i\nirbZ/s4J3zKRAAABAAUqD9LZqe/hrShNsfR26dFbOYIxaa+zMLnubuzZ+RBm7jzM\njJdLwXwza5MfHZg/v3Ret4v75hiRpCNwF2zUdtHFmBtuTcEbk+8igiKnfzGqfB+5\nrbFkld3Vh1O3tH8hktTONwdJEV5Q6FkjlKVzFtYusosKx9Zcxwgwy532cHM0DKTL\nQIqHUutcN4weXt+Fsu0qK3njAkf1yb2JNb1GLlB8Drfviti73vsfMbUXGsa3X7Vu\nMycAOmvVN3VzIW38cKsIrGX00hRxpcNmNW84Q34QySYVUo2X79GEfP46EyM3UuDa\nFd7LSmVndD9n/B92G0bUUN9o4lWmtoNiybS1rNAAAAEBAO0h7NNBNyC5uo0dNkLn\n6pNpjZzs1um3+lrUdpoLTVaNGS5bzS0DVkBQhoWDrPPcyhPr0LWaV8Ond+r2dbLj\nZl3y0iLKFMsl1vrK1SvLbR85GQt8wBXXXM5/5QIU8mFWldUXGZksv0tb2thR1oPO\nkbG8efxwv6wzmVdeIaXFAS11/VaK7othATUV0bwzjsAOsOSBcXNhSqc7sN8R5VkS\n9Qa9D5jCMN7KpUMLKpAqv4yUgO3lhbZsiaeBsn+NVl9ztsIWvUuJnX2NTtDTSPiI\nnvzR2NLV45OW7RDCsDEaCTM+Iq5CEpT93FVpXWYgObFx7VtYvsqXTxdcJGroRAFr\nOAMAAAEBAP8t7zXR+jfJWiHoWF0ECn238oxsTRjSmCuscSQQ0UscNIjPzeQubKoK\n6u+RUGGh739s58lflvno+kTWtO5wo0jizNtZpOXbm+/d3QtiovrLXT8RPCDrgVN3\n/onoHE7Bk6decsragKQ0Yjqb81E4dKo++LXUfNdehrZc/b5jc3bsTjBYZzGwVvOH\nOZEOTTydUSv1+B+6vYFWYP0LXDPfj7si/j0DFHCGJ5QtfyQbVaVjkFaIYSYYsS6q\n7g9fXfipDw4P+qL7+Z/im8AM7wke+CQUUzbHiQ33PUY7SzZxKdJNWgwqZ6lixpd0\nFMzBC/HHl9DbLGkV6+vumgSO9GEhrVUAAAAAAQID\n-----END OPENSSH PRIVATE KEY-----\n",
            "private_key_pem": "-----BEGIN RSA PRIVATE KEY-----\nMIIJJwIBAAKCAgEA7F9XcZW4Gw9E/OLNlEQsTCsVJ3zwEzURNkMiW6dB/sbkfoNH\n+wz9lnaLtWWJByUSdpn7Beya0/PK7gbfK8s8L9mfbczv6M+DYCrDslvWQ3pk39dx\n/md0deDjmJlaCOG5ewGoh1udE9/Ox3t4dzlkJ9tJRMzhkYUJNDDxuItcsxXyg2ro\n/W0hbma1j/Pq5h2lCArkVuYxE05L8rBLFvoMso4RMiadbMaI/aXTm8o8EUVcSX1E\nolInXqUPfIVk16uxmCf1TcKJTK9veZZEKKrTDK+xYgpwrDaCuWj/WlFxSuGrlmKR\nFVWsdhPpcICsniBwf7p1xWz0iDO1ODSk2JANlpgMmYrDDkxnrCxIkdHXM/nxptoW\nOpiwqpFs+gxzHwZ083sZU608u5u2XrsqbkM71nhN9KnTwzbVvdGs7F1vo7CIwVMn\nZsU6GEWtYlN0YKFL3v4V1uDosITDm+BQu2rJ9Q3KB0ySCnF1X7PYDPJVJXn434/4\nllW76aZvWtZTMWhyPQMAGLCpmnX/WiGA6QDiJ6Nj6nH4tr1VN6n28cbyZROmvYrK\nJEXfz4DH2MSVjS3uTmOLOatRn1iRzyrDdMLoNUziMW2iK1EdYR+6RdPp35YuotP3\nZx7+cCJhB5whkBn8tr4PDpjXDeiEUAKYaffzAbDZ7sGROKzBjRHvcUjWn/8CAwEA\nAQKCAgBg+/WbCz1RDQDXag/Dx/0M+5hgbWjr2JhJVV5hkM0JRn42UpNUNM5P0DAe\nq5x/q/xZYXCXy67zTFJ1O6iSBX+aeoZpvO6q7YoQCTvmkLvnT+7X0URaiARG4ZFA\n6ZsBjexWxiVp9HMM1oW3X7fb41Zu7BCyBAaBeL6ABZ0IhVXxvQ2WUmVqpj5TWB0j\nBYfaB0vRcvahmS2FqFiNKTyGHu7azGPN2f45xXQr7sBWabIfu//Tv2xL1b2FneAu\nzWTFAROLRMnnr+w55Lmuf7NTpFOYHvZ/LZ1xa6RTgvtTCZuch9+pgqPYxyBOCnl7\nybAJ6XF/Vvg/mybyQ5UVjLQej2yjFZwJfY607/VZGvJF+1N0qn3NgjLzc4QJ1WFr\nWW1lIfZU+4EsgAoYZFzUgi8F+OXhVygwGbzq6x89mxt+GDqTB2vSqGMrvuJHJoNT\n5yYKoJbyJMeXNrzyB8tixGbYtnmA9w5cp9FaqdVkUfYMt5d4OQvkgUq3jf3LU7aP\ntZZHgYKxKKV8cAqHGc0+XuPH6XR2EkSr08VkdHFlr4KkRgfw+Fy3d2SaPzwKcZvo\nSZ7xshYkmgGkGmnOy5nMd/CzXp4+DkW14ivNuy5vOMnLZfwAUu76nqgwmQtZ98ua\nFHGlm1+h2B/7EusHll2vIS0Z4RGCP8MGLk/fooq22f7OCd8ykQKCAQEA7SHs00E3\nILm6jR02Qufqk2mNnOzW6bf6WtR2mgtNVo0ZLlvNLQNWQFCGhYOs89zKE+vQtZpX\nw6d36vZ1suNmXfLSIsoUyyXW+srVK8ttHzkZC3zAFddczn/lAhTyYVaV1RcZmSy/\nS1va2FHWg86Rsbx5/HC/rDOZV14hpcUBLXX9Vorui2EBNRXRvDOOwA6w5IFxc2FK\npzuw3xHlWRL1Br0PmMIw3sqlQwsqkCq/jJSA7eWFtmyJp4Gyf41WX3O2wha9S4md\nfY1O0NNI+Iie/NHY0tXjk5btEMKwMRoJMz4irkISlP3cVWldZiA5sXHtW1i+ypdP\nF1wkauhEAWs4AwKCAQEA/y3vNdH6N8laIehYXQQKfbfyjGxNGNKYK6xxJBDRSxw0\niM/N5C5sqgrq75FQYaHvf2znyV+W+ej6RNa07nCjSOLM21mk5dub793dC2Ki+std\nPxE8IOuBU3f+iegcTsGTp15yytqApDRiOpvzUTh0qj74tdR8116Gtlz9vmNzduxO\nMFhnMbBW84c5kQ5NPJ1RK/X4H7q9gVZg/QtcM9+PuyL+PQMUcIYnlC1/JBtVpWOQ\nVohhJhixLqruD19d+KkPDg/6ovv5n+KbwAzvCR74JBRTNseJDfc9RjtLNnEp0k1a\nDCpnqWLGl3QUzMEL8ceX0NssaRXr6+6aBI70YSGtVQKCAQBwn4oxE2oxWsSlPNiG\nkksw1BL0EvBHdJ+s//eMVg3XK5BoGiWqWUlfpl8djlpYP+ah63/moHVKcYFc0M05\ntxLpT+hJqZySl1gxKKBx+l3LVHz2nbtFJFHpqYiEopozbMIgwKXhwATir6+SyduO\nIk/EEHYHVS1ThfYwLn7gkl5qzv0RW07MV7gRFFnWfs4vnUqaXHgbinvATXNFnuRE\nl+JT3vtHXAOF7MzsuKLwcb0j8WwCkN4etBH0wn6aYfBByV1ldRNWiveHp9NlDtQ7\nZffMr4XBLOC3OhlBupWf3HO+KKakCLF2ndNFpZM8a9W61xcaKV4ELjTcLWEGfWW/\nHsMtAoIBAE1bBGgBVmPw8xTSVW8lGXUQ/UMaVajPtneO1+GCA6BMVZSfwh+I/0Hw\n+1VSbNab+3lab015X9A0kyGpIMIjfSxMLKPWIgnYMAZf8HFSHmv+mC7VL7AfFF5U\nQuJVbbdmMTeMhyn9YP/mLVztB664eY1ed5DPcGTtb9L6j6VWipsjeXRoaCgE9+bt\nOEND3aAhZIj6EJS1zFrX76Dl/7Zt8Clfq0idlWWjFX5y6FbuvmDbtNa2kxS0aYnn\nITGhzF/kB/9QUr9zuTGBxYtLoG7YZ4qwaqVxiZelOnr+4IcJeQ8aidCkTjZoDiG9\ne8yyPMe3pMsYlfbpQVKNSz1UhLqpNd0CggEABSoP0tmp7+GtKE2x9Hbp0Vs5gjFp\nr7Mwue5u7Nn5EGbuPMyMl0vBfDNrkx8dmD+/dF63i/vmGJGkI3AXbNR20cWYG25N\nwRuT7yKCIqd/Map8H7mtsWSV3dWHU7e0fyGS1M43B0kRXlDoWSOUpXMW1i6yiwrH\n1lzHCDDLnfZwczQMpMtAiodS61w3jB5e34Wy7SoreeMCR/XJvYk1vUYuUHwOt++K\n2Lve+x8xtRcaxrdftW4zJwA6a9U3dXMhbfxwqwisZfTSFHGlw2Y1bzhDfhDJJhVS\njZfv0YR8/joTIzdS4NoV3stKZWd0P2f8H3YbRtRQ32jiVaa2g2LJtLWs0A==\n-----END RSA PRIVATE KEY-----\n",
            "private_key_pem_pkcs8": "-----BEGIN PRIVATE KEY-----\nMIIJQQIBADANBgkqhkiG9w0BAQEFAASCCSswggknAgEAAoICAQDsX1dxlbgbD0T8\n4s2URCxMKxUnfPATNRE2QyJbp0H+xuR+g0f7DP2Wdou1ZYkHJRJ2mfsF7JrT88ru\nBt8ryzwv2Z9tzO/oz4NgKsOyW9ZDemTf13H+Z3R14OOYmVoI4bl7AaiHW50T387H\ne3h3OWQn20lEzOGRhQk0MPG4i1yzFfKDauj9bSFuZrWP8+rmHaUICuRW5jETTkvy\nsEsW+gyyjhEyJp1sxoj9pdObyjwRRVxJfUSiUidepQ98hWTXq7GYJ/VNwolMr295\nlkQoqtMMr7FiCnCsNoK5aP9aUXFK4auWYpEVVax2E+lwgKyeIHB/unXFbPSIM7U4\nNKTYkA2WmAyZisMOTGesLEiR0dcz+fGm2hY6mLCqkWz6DHMfBnTzexlTrTy7m7Ze\nuypuQzvWeE30qdPDNtW90azsXW+jsIjBUydmxToYRa1iU3RgoUve/hXW4OiwhMOb\n4FC7asn1DcoHTJIKcXVfs9gM8lUlefjfj/iWVbvppm9a1lMxaHI9AwAYsKmadf9a\nIYDpAOIno2Pqcfi2vVU3qfbxxvJlE6a9isokRd/PgMfYxJWNLe5OY4s5q1GfWJHP\nKsN0wug1TOIxbaIrUR1hH7pF0+nfli6i0/dnHv5wImEHnCGQGfy2vg8OmNcN6IRQ\nAphp9/MBsNnuwZE4rMGNEe9xSNaf/wIDAQABAoICAGD79ZsLPVENANdqD8PH/Qz7\nmGBtaOvYmElVXmGQzQlGfjZSk1Q0zk/QMB6rnH+r/FlhcJfLrvNMUnU7qJIFf5p6\nhmm87qrtihAJO+aQu+dP7tfRRFqIBEbhkUDpmwGN7FbGJWn0cwzWhbdft9vjVm7s\nELIEBoF4voAFnQiFVfG9DZZSZWqmPlNYHSMFh9oHS9Fy9qGZLYWoWI0pPIYe7trM\nY83Z/jnFdCvuwFZpsh+7/9O/bEvVvYWd4C7NZMUBE4tEyeev7Dnkua5/s1OkU5ge\n9n8tnXFrpFOC+1MJm5yH36mCo9jHIE4KeXvJsAnpcX9W+D+bJvJDlRWMtB6PbKMV\nnAl9jrTv9Vka8kX7U3Sqfc2CMvNzhAnVYWtZbWUh9lT7gSyAChhkXNSCLwX45eFX\nKDAZvOrrHz2bG34YOpMHa9KoYyu+4kcmg1PnJgqglvIkx5c2vPIHy2LEZti2eYD3\nDlyn0Vqp1WRR9gy3l3g5C+SBSreN/ctTto+1lkeBgrEopXxwCocZzT5e48fpdHYS\nRKvTxWR0cWWvgqRGB/D4XLd3ZJo/PApxm+hJnvGyFiSaAaQaac7Lmcx38LNenj4O\nRbXiK827Lm84yctl/ABS7vqeqDCZC1n3y5oUcaWbX6HYH/sS6weWXa8hLRnhEYI/\nwwYuT9+iirbZ/s4J3zKRAoIBAQDtIezTQTcgubqNHTZC5+qTaY2c7Nbpt/pa1Haa\nC01WjRkuW80tA1ZAUIaFg6zz3MoT69C1mlfDp3fq9nWy42Zd8tIiyhTLJdb6ytUr\ny20fORkLfMAV11zOf+UCFPJhVpXVFxmZLL9LW9rYUdaDzpGxvHn8cL+sM5lXXiGl\nxQEtdf1Wiu6LYQE1FdG8M47ADrDkgXFzYUqnO7DfEeVZEvUGvQ+YwjDeyqVDCyqQ\nKr+MlIDt5YW2bImngbJ/jVZfc7bCFr1LiZ19jU7Q00j4iJ780djS1eOTlu0QwrAx\nGgkzPiKuQhKU/dxVaV1mIDmxce1bWL7Kl08XXCRq6EQBazgDAoIBAQD/Le810fo3\nyVoh6FhdBAp9t/KMbE0Y0pgrrHEkENFLHDSIz83kLmyqCurvkVBhoe9/bOfJX5b5\n6PpE1rTucKNI4szbWaTl25vv3d0LYqL6y10/ETwg64FTd/6J6BxOwZOnXnLK2oCk\nNGI6m/NROHSqPvi11HzXXoa2XP2+Y3N27E4wWGcxsFbzhzmRDk08nVEr9fgfur2B\nVmD9C1wz34+7Iv49AxRwhieULX8kG1WlY5BWiGEmGLEuqu4PX134qQ8OD/qi+/mf\n4pvADO8JHvgkFFM2x4kN9z1GO0s2cSnSTVoMKmepYsaXdBTMwQvxx5fQ2yxpFevr\n7poEjvRhIa1VAoIBAHCfijETajFaxKU82IaSSzDUEvQS8Ed0n6z/94xWDdcrkGga\nJapZSV+mXx2OWlg/5qHrf+agdUpxgVzQzTm3EulP6EmpnJKXWDEooHH6XctUfPad\nu0UkUempiISimjNswiDApeHABOKvr5LJ244iT8QQdgdVLVOF9jAufuCSXmrO/RFb\nTsxXuBEUWdZ+zi+dSppceBuKe8BNc0We5ESX4lPe+0dcA4XszOy4ovBxvSPxbAKQ\n3h60EfTCfpph8EHJXWV1E1aK94en02UO1Dtl98yvhcEs4Lc6GUG6lZ/cc74opqQI\nsXad00Wlkzxr1brXFxopXgQuNNwtYQZ9Zb8ewy0CggEATVsEaAFWY/DzFNJVbyUZ\ndRD9QxpVqM+2d47X4YIDoExVlJ/CH4j/QfD7VVJs1pv7eVpvTXlf0DSTIakgwiN9\nLEwso9YiCdgwBl/wcVIea/6YLtUvsB8UXlRC4lVtt2YxN4yHKf1g/+YtXO0Hrrh5\njV53kM9wZO1v0vqPpVaKmyN5dGhoKAT35u04Q0PdoCFkiPoQlLXMWtfvoOX/tm3w\nKV+rSJ2VZaMVfnLoVu6+YNu01raTFLRpiechMaHMX+QH/1BSv3O5MYHFi0ugbthn\nirBqpXGJl6U6ev7ghwl5DxqJ0KRONmgOIb17zLI8x7ekyxiV9ulBUo1LPVSEuqk1\n3QKCAQAFKg/S2anv4a0oTbH0dunRWzmCMWmvszC57m7s2fkQZu48zIyXS8F8M2uT\nHx2YP790XreL++YYkaQjcBds1HbRxZgbbk3BG5PvIoIip38xqnwfua2xZJXd1YdT\nt7R/IZLUzjcHSRFeUOhZI5SlcxbWLrKLCsfWXMcIMMud9nBzNAyky0CKh1LrXDeM\nHl7fhbLtKit54wJH9cm9iTW9Ri5QfA6374rYu977HzG1FxrGt1+1bjMnADpr1Td1\ncyFt/HCrCKxl9NIUcaXDZjVvOEN+EMkmFVKNl+/RhHz+OhMjN1Lg2hXey0plZ3Q/\nZ/wfdhtG1FDfaOJVpraDYsm0tazQ\n-----END PRIVATE KEY-----\n",
            "public_key_fingerprint_md5": "0e:62:3e:36:84:4b:f8:59:f0:50:ce:66:22:83:5f:a0",
            "public_key_fingerprint_sha256": "SHA256:S3YACLRHbNMJtKJQD5bKs5zI0v8RFcehSEJ4LKMezHY",
            "public_key_openssh": "ssh-rsa AAAAB3NzaC1yc2EAAAADAQABAAACAQDsX1dxlbgbD0T84s2URCxMKxUnfPATNRE2QyJbp0H+xuR+g0f7DP2Wdou1ZYkHJRJ2mfsF7JrT88ruBt8ryzwv2Z9tzO/oz4NgKsOyW9ZDemTf13H+Z3R14OOYmVoI4bl7AaiHW50T387He3h3OWQn20lEzOGRhQk0MPG4i1yzFfKDauj9bSFuZrWP8+rmHaUICuRW5jETTkvysEsW+gyyjhEyJp1sxoj9pdObyjwRRVxJfUSiUidepQ98hWTXq7GYJ/VNwolMr295lkQoqtMMr7FiCnCsNoK5aP9aUXFK4auWYpEVVax2E+lwgKyeIHB/unXFbPSIM7U4NKTYkA2WmAyZisMOTGesLEiR0dcz+fGm2hY6mLCqkWz6DHMfBnTzexlTrTy7m7ZeuypuQzvWeE30qdPDNtW90azsXW+jsIjBUydmxToYRa1iU3RgoUve/hXW4OiwhMOb4FC7asn1DcoHTJIKcXVfs9gM8lUlefjfj/iWVbvppm9a1lMxaHI9AwAYsKmadf9aIYDpAOIno2Pqcfi2vVU3qfbxxvJlE6a9isokRd/PgMfYxJWNLe5OY4s5q1GfWJHPKsN0wug1TOIxbaIrUR1hH7pF0+nfli6i0/dnHv5wImEHnCGQGfy2vg8OmNcN6IRQAphp9/MBsNnuwZE4rMGNEe9xSNaf/w==\n",
            "public_key_pem": "-----BEGIN PUBLIC KEY-----\nMIICIjANBgkqhkiG9w0BAQEFAAOCAg8AMIICCgKCAgEA7F9XcZW4Gw9E/OLNlEQs\nTCsVJ3zwEzURNkMiW6dB/sbkfoNH+wz9lnaLtWWJByUSdpn7Beya0/PK7gbfK8s8\nL9mfbczv6M+DYCrDslvWQ3pk39dx/md0deDjmJlaCOG5ewGoh1udE9/Ox3t4dzlk\nJ9tJRMzhkYUJNDDxuItcsxXyg2ro/W0hbma1j/Pq5h2lCArkVuYxE05L8rBLFvoM\nso4RMiadbMaI/aXTm8o8EUVcSX1EolInXqUPfIVk16uxmCf1TcKJTK9veZZEKKrT\nDK+xYgpwrDaCuWj/WlFxSuGrlmKRFVWsdhPpcICsniBwf7p1xWz0iDO1ODSk2JAN\nlpgMmYrDDkxnrCxIkdHXM/nxptoWOpiwqpFs+gxzHwZ083sZU608u5u2XrsqbkM7\n1nhN9KnTwzbVvdGs7F1vo7CIwVMnZsU6GEWtYlN0YKFL3v4V1uDosITDm+BQu2rJ\n9Q3KB0ySCnF1X7PYDPJVJXn434/4llW76aZvWtZTMWhyPQMAGLCpmnX/WiGA6QDi\nJ6Nj6nH4tr1VN6n28cbyZROmvYrKJEXfz4DH2MSVjS3uTmOLOatRn1iRzyrDdMLo\nNUziMW2iK1EdYR+6RdPp35YuotP3Zx7+cCJhB5whkBn8tr4PDpjXDeiEUAKYaffz\nAbDZ7sGROKzBjRHvcUjWn/8CAwEAAQ==\n-----END PUBLIC KEY-----\n",
            "rsa_bits": 4096
          },
          "sensitive_attributes": [],
          "dependencies": [
            "module.vpc.aws_cloudwatch_log_group.flow_log",
            "module.vpc.aws_customer_gateway.this",
            "module.vpc.aws_db_subnet_group.database",
            "module.vpc.aws_default_network_acl.this",
            "module.vpc.aws_default_route_table.default",
            "module.vpc.aws_default_security_group.this",
            "module.vpc.aws_default_vpc.this",
            "module.vpc.aws_egress_only_internet_gateway.this",
            "module.vpc.aws_eip.nat",
            "module.vpc.aws_elasticache_subnet_group.elasticache",
            "module.vpc.aws_flow_log.this",
            "module.vpc.aws_iam_policy.vpc_flow_log_cloudwatch",
            "module.vpc.aws_iam_role.vpc_flow_log_cloudwatch",
            "module.vpc.aws_iam_role_policy_attachment.vpc_flow_log_cloudwatch",
            "module.vpc.aws_internet_gateway.this",
            "module.vpc.aws_nat_gateway.this",
            "module.vpc.aws_network_acl.database",
            "module.vpc.aws_network_acl.elasticache",
            "module.vpc.aws_network_acl.intra",
            "module.vpc.aws_network_acl.outpost",
            "module.vpc.aws_network_acl.private",
            "module.vpc.aws_network_acl.public",
            "module.vpc.aws_network_acl.redshift",
            "module.vpc.aws_network_acl_rule.database_inbound",
            "module.vpc.aws_network_acl_rule.database_outbound",
            "module.vpc.aws_network_acl_rule.elasticache_inbound",
            "module.vpc.aws_network_acl_rule.elasticache_outbound",
            "module.vpc.aws_network_acl_rule.intra_inbound",
            "module.vpc.aws_network_acl_rule.intra_outbound",
            "module.vpc.aws_network_acl_rule.outpost_inbound",
            "module.vpc.aws_network_acl_rule.outpost_outbound",
            "module.vpc.aws_network_acl_rule.private_inbound",
            "module.vpc.aws_network_acl_rule.private_outbound",
            "module.vpc.aws_network_acl_rule.public_inbound",
            "module.vpc.aws_network_acl_rule.public_outbound",
            "module.vpc.aws_network_acl_rule.redshift_inbound",
            "module.vpc.aws_network_acl_rule.redshift_outbound",
            "module.vpc.aws_redshift_subnet_group.redshift",
            "module.vpc.aws_route.database_internet_gateway",
            "module.vpc.aws_route.database_ipv6_egress",
            "module.vpc.aws_route.database_nat_gateway",
            "module.vpc.aws_route.private_ipv6_egress",
            "module.vpc.aws_route.private_nat_gateway",
            "module.vpc.aws_route.public_internet_gateway",
            "module.vpc.aws_route.public_internet_gateway_ipv6",
            "module.vpc.aws_route_table.database",
            "module.vpc.aws_route_table.elasticache",
            "module.vpc.aws_route_table.intra",
            "module.vpc.aws_route_table.private",
            "module.vpc.aws_route_table.public",
            "module.vpc.aws_route_table.redshift",
            "module.vpc.aws_route_table_association.database",
            "module.vpc.aws_route_table_association.elasticache",
            "module.vpc.aws_route_table_association.intra",
            "module.vpc.aws_route_table_association.outpost",
            "module.vpc.aws_route_table_association.private",
            "module.vpc.aws_route_table_association.public",
            "module.vpc.aws_route_table_association.redshift",
            "module.vpc.aws_route_table_association.redshift_public",
            "module.vpc.aws_subnet.database",
            "module.vpc.aws_subnet.elasticache",
            "module.vpc.aws_subnet.intra",
            "module.vpc.aws_subnet.outpost",
            "module.vpc.aws_subnet.private",
            "module.vpc.aws_subnet.public",
            "module.vpc.aws_subnet.redshift",
            "module.vpc.aws_vpc.this",
            "module.vpc.aws_vpc_dhcp_options.this",
            "module.vpc.aws_vpc_dhcp_options_association.this",
            "module.vpc.aws_vpc_ipv4_cidr_block_association.this",
            "module.vpc.aws_vpn_gateway.this",
            "module.vpc.aws_vpn_gateway_attachment.this",
            "module.vpc.aws_vpn_gateway_route_propagation.intra",
            "module.vpc.aws_vpn_gateway_route_propagation.private",
            "module.vpc.aws_vpn_gateway_route_propagation.public",
            "module.vpc.data.aws_iam_policy_document.flow_log_cloudwatch_assume_role",
            "module.vpc.data.aws_iam_policy_document.vpc_flow_log_cloudwatch"
          ]
        }
      ]
    },
    {
      "module": "module.vpc",
      "mode": "managed",
      "type": "aws_eip",
      "name": "nat",
      "provider": "provider[\"registry.terraform.io/hashicorp/aws\"]",
      "instances": [
        {
          "index_key": 0,
          "schema_version": 0,
          "attributes": {
            "address": null,
            "allocation_id": "eipalloc-0fecaf0daebee03d9",
            "associate_with_private_ip": null,
            "association_id": "eipassoc-0b4b603f4acc4e6db",
            "carrier_ip": "",
            "customer_owned_ip": "",
            "customer_owned_ipv4_pool": "",
            "domain": "vpc",
            "id": "eipalloc-0fecaf0daebee03d9",
            "instance": "",
            "network_border_group": "us-east-1",
            "network_interface": "eni-093e68f02cfd04172",
            "private_dns": "ip-172-23-4-94.ec2.internal",
            "private_ip": "172.23.4.94",
            "public_dns": "ec2-54-221-226-194.compute-1.amazonaws.com",
            "public_ip": "54.221.226.194",
            "public_ipv4_pool": "amazon",
            "tags": {
              "Name": "VPC-us-east-1a"
            },
            "tags_all": {
              "Name": "VPC-us-east-1a"
            },
            "timeouts": null,
            "vpc": true
          },
          "sensitive_attributes": [],
          "private": "eyJlMmJmYjczMC1lY2FhLTExZTYtOGY4OC0zNDM2M2JjN2M0YzAiOnsiZGVsZXRlIjoxODAwMDAwMDAwMDAsInJlYWQiOjkwMDAwMDAwMDAwMCwidXBkYXRlIjozMDAwMDAwMDAwMDB9fQ=="
        }
      ]
    },
    {
      "module": "module.vpc",
      "mode": "managed",
      "type": "aws_internet_gateway",
      "name": "this",
      "provider": "provider[\"registry.terraform.io/hashicorp/aws\"]",
      "instances": [
        {
          "index_key": 0,
          "schema_version": 0,
          "attributes": {
            "arn": "arn:aws:ec2:us-east-1:143499875247:internet-gateway/igw-093d9c7e0ed12c33a",
            "id": "igw-093d9c7e0ed12c33a",
            "owner_id": "143499875247",
            "tags": {
              "Name": "VPC"
            },
            "tags_all": {
              "Name": "VPC"
            },
            "vpc_id": "vpc-08c00cb124d77b5b2"
          },
          "sensitive_attributes": [],
          "private": "bnVsbA==",
          "dependencies": [
            "module.vpc.aws_vpc.this",
            "module.vpc.aws_vpc_ipv4_cidr_block_association.this"
          ]
        }
      ]
    },
    {
      "module": "module.vpc",
      "mode": "managed",
      "type": "aws_nat_gateway",
      "name": "this",
      "provider": "provider[\"registry.terraform.io/hashicorp/aws\"]",
      "instances": [
        {
          "index_key": 0,
          "schema_version": 0,
          "attributes": {
            "allocation_id": "eipalloc-0fecaf0daebee03d9",
            "connectivity_type": "public",
            "id": "nat-0451cb592b1784de9",
            "network_interface_id": "eni-093e68f02cfd04172",
            "private_ip": "172.23.4.94",
            "public_ip": "54.221.226.194",
            "subnet_id": "subnet-09272e74a276c4764",
            "tags": {
              "Name": "caldera-test_natgateway"
            },
            "tags_all": {
              "Name": "caldera-test_natgateway"
            }
          },
          "sensitive_attributes": [],
          "private": "bnVsbA==",
          "dependencies": [
            "module.vpc.aws_eip.nat",
            "module.vpc.aws_internet_gateway.this",
            "module.vpc.aws_subnet.public",
            "module.vpc.aws_vpc.this",
            "module.vpc.aws_vpc_ipv4_cidr_block_association.this"
          ]
        }
      ]
    },
    {
      "module": "module.vpc",
      "mode": "managed",
      "type": "aws_route",
      "name": "private_nat_gateway",
      "provider": "provider[\"registry.terraform.io/hashicorp/aws\"]",
      "instances": [
        {
          "index_key": 0,
          "schema_version": 0,
          "attributes": {
            "carrier_gateway_id": "",
            "core_network_arn": "",
            "destination_cidr_block": "0.0.0.0/0",
            "destination_ipv6_cidr_block": "",
            "destination_prefix_list_id": "",
            "egress_only_gateway_id": "",
            "gateway_id": "",
            "id": "r-rtb-0834fbbd57091763b1080289494",
            "instance_id": "",
            "instance_owner_id": "",
            "local_gateway_id": "",
            "nat_gateway_id": "nat-0451cb592b1784de9",
            "network_interface_id": "",
            "origin": "CreateRoute",
            "route_table_id": "rtb-0834fbbd57091763b",
            "state": "active",
            "timeouts": {
              "create": "5m",
              "delete": null,
              "update": null
            },
            "transit_gateway_id": "",
            "vpc_endpoint_id": "",
            "vpc_peering_connection_id": ""
          },
          "sensitive_attributes": [],
          "private": "eyJlMmJmYjczMC1lY2FhLTExZTYtOGY4OC0zNDM2M2JjN2M0YzAiOnsiY3JlYXRlIjozMDAwMDAwMDAwMDAsImRlbGV0ZSI6MzAwMDAwMDAwMDAwLCJ1cGRhdGUiOjEyMDAwMDAwMDAwMH19",
          "dependencies": [
            "module.vpc.aws_eip.nat",
            "module.vpc.aws_internet_gateway.this",
            "module.vpc.aws_nat_gateway.this",
            "module.vpc.aws_route_table.private",
            "module.vpc.aws_subnet.public",
            "module.vpc.aws_vpc.this",
            "module.vpc.aws_vpc_ipv4_cidr_block_association.this"
          ]
        }
      ]
    },
    {
      "module": "module.vpc",
      "mode": "managed",
      "type": "aws_route",
      "name": "public_internet_gateway",
      "provider": "provider[\"registry.terraform.io/hashicorp/aws\"]",
      "instances": [
        {
          "index_key": 0,
          "schema_version": 0,
          "attributes": {
            "carrier_gateway_id": "",
            "core_network_arn": "",
            "destination_cidr_block": "0.0.0.0/0",
            "destination_ipv6_cidr_block": "",
            "destination_prefix_list_id": "",
            "egress_only_gateway_id": "",
            "gateway_id": "igw-093d9c7e0ed12c33a",
            "id": "r-rtb-0a5cf4dde0d3caf6a1080289494",
            "instance_id": "",
            "instance_owner_id": "",
            "local_gateway_id": "",
            "nat_gateway_id": "",
            "network_interface_id": "",
            "origin": "CreateRoute",
            "route_table_id": "rtb-0a5cf4dde0d3caf6a",
            "state": "active",
            "timeouts": {
              "create": "5m",
              "delete": null,
              "update": null
            },
            "transit_gateway_id": "",
            "vpc_endpoint_id": "",
            "vpc_peering_connection_id": ""
          },
          "sensitive_attributes": [],
          "private": "eyJlMmJmYjczMC1lY2FhLTExZTYtOGY4OC0zNDM2M2JjN2M0YzAiOnsiY3JlYXRlIjozMDAwMDAwMDAwMDAsImRlbGV0ZSI6MzAwMDAwMDAwMDAwLCJ1cGRhdGUiOjEyMDAwMDAwMDAwMH19",
          "dependencies": [
            "module.vpc.aws_internet_gateway.this",
            "module.vpc.aws_route_table.public",
            "module.vpc.aws_vpc.this",
            "module.vpc.aws_vpc_ipv4_cidr_block_association.this"
          ]
        }
      ]
    },
    {
      "module": "module.vpc",
      "mode": "managed",
      "type": "aws_route_table",
      "name": "private",
      "provider": "provider[\"registry.terraform.io/hashicorp/aws\"]",
      "instances": [
        {
          "index_key": 0,
          "schema_version": 0,
          "attributes": {
            "arn": "arn:aws:ec2:us-east-1:143499875247:route-table/rtb-0834fbbd57091763b",
            "id": "rtb-0834fbbd57091763b",
            "owner_id": "143499875247",
            "propagating_vgws": [],
            "route": [
              {
                "carrier_gateway_id": "",
                "cidr_block": "0.0.0.0/0",
                "core_network_arn": "",
                "destination_prefix_list_id": "",
                "egress_only_gateway_id": "",
                "gateway_id": "",
                "instance_id": "",
                "ipv6_cidr_block": "",
                "local_gateway_id": "",
                "nat_gateway_id": "nat-0451cb592b1784de9",
                "network_interface_id": "",
                "transit_gateway_id": "",
                "vpc_endpoint_id": "",
                "vpc_peering_connection_id": ""
              }
            ],
            "tags": {
              "Name": "VPC-private"
            },
            "tags_all": {
              "Name": "VPC-private"
            },
            "timeouts": null,
            "vpc_id": "vpc-08c00cb124d77b5b2"
          },
          "sensitive_attributes": [],
          "private": "eyJlMmJmYjczMC1lY2FhLTExZTYtOGY4OC0zNDM2M2JjN2M0YzAiOnsiY3JlYXRlIjozMDAwMDAwMDAwMDAsImRlbGV0ZSI6MzAwMDAwMDAwMDAwLCJ1cGRhdGUiOjEyMDAwMDAwMDAwMH19",
          "dependencies": [
            "module.vpc.aws_vpc.this",
            "module.vpc.aws_vpc_ipv4_cidr_block_association.this"
          ]
        }
      ]
    },
    {
      "module": "module.vpc",
      "mode": "managed",
      "type": "aws_route_table",
      "name": "public",
      "provider": "provider[\"registry.terraform.io/hashicorp/aws\"]",
      "instances": [
        {
          "index_key": 0,
          "schema_version": 0,
          "attributes": {
            "arn": "arn:aws:ec2:us-east-1:143499875247:route-table/rtb-0a5cf4dde0d3caf6a",
            "id": "rtb-0a5cf4dde0d3caf6a",
            "owner_id": "143499875247",
            "propagating_vgws": [],
            "route": [
              {
                "carrier_gateway_id": "",
                "cidr_block": "0.0.0.0/0",
                "core_network_arn": "",
                "destination_prefix_list_id": "",
                "egress_only_gateway_id": "",
                "gateway_id": "igw-093d9c7e0ed12c33a",
                "instance_id": "",
                "ipv6_cidr_block": "",
                "local_gateway_id": "",
                "nat_gateway_id": "",
                "network_interface_id": "",
                "transit_gateway_id": "",
                "vpc_endpoint_id": "",
                "vpc_peering_connection_id": ""
              }
            ],
            "tags": {
              "Name": "VPC-public"
            },
            "tags_all": {
              "Name": "VPC-public"
            },
            "timeouts": null,
            "vpc_id": "vpc-08c00cb124d77b5b2"
          },
          "sensitive_attributes": [],
          "private": "eyJlMmJmYjczMC1lY2FhLTExZTYtOGY4OC0zNDM2M2JjN2M0YzAiOnsiY3JlYXRlIjozMDAwMDAwMDAwMDAsImRlbGV0ZSI6MzAwMDAwMDAwMDAwLCJ1cGRhdGUiOjEyMDAwMDAwMDAwMH19",
          "dependencies": [
            "module.vpc.aws_vpc.this",
            "module.vpc.aws_vpc_ipv4_cidr_block_association.this"
          ]
        }
      ]
    },
    {
      "module": "module.vpc",
      "mode": "managed",
      "type": "aws_route_table_association",
      "name": "private",
      "provider": "provider[\"registry.terraform.io/hashicorp/aws\"]",
      "instances": [
        {
          "index_key": 0,
          "schema_version": 0,
          "attributes": {
            "gateway_id": "",
            "id": "rtbassoc-084fc02eae87d97fe",
            "route_table_id": "rtb-0834fbbd57091763b",
            "subnet_id": "subnet-056f8b4f75a88debd"
          },
          "sensitive_attributes": [],
          "private": "bnVsbA==",
          "dependencies": [
            "module.vpc.aws_route_table.private",
            "module.vpc.aws_subnet.private",
            "module.vpc.aws_vpc.this",
            "module.vpc.aws_vpc_ipv4_cidr_block_association.this"
          ]
        },
        {
          "index_key": 1,
          "schema_version": 0,
          "attributes": {
            "gateway_id": "",
            "id": "rtbassoc-08ed684e1ebe87252",
            "route_table_id": "rtb-0834fbbd57091763b",
            "subnet_id": "subnet-0ebf51ad543073f90"
          },
          "sensitive_attributes": [],
          "private": "bnVsbA==",
          "dependencies": [
            "module.vpc.aws_route_table.private",
            "module.vpc.aws_subnet.private",
            "module.vpc.aws_vpc.this",
            "module.vpc.aws_vpc_ipv4_cidr_block_association.this"
          ]
        },
        {
          "index_key": 2,
          "schema_version": 0,
          "attributes": {
            "gateway_id": "",
            "id": "rtbassoc-09937424d399db128",
            "route_table_id": "rtb-0834fbbd57091763b",
            "subnet_id": "subnet-01e96b83e753aa498"
          },
          "sensitive_attributes": [],
          "private": "bnVsbA==",
          "dependencies": [
            "module.vpc.aws_route_table.private",
            "module.vpc.aws_subnet.private",
            "module.vpc.aws_vpc.this",
            "module.vpc.aws_vpc_ipv4_cidr_block_association.this"
          ]
        },
        {
          "index_key": 3,
          "schema_version": 0,
          "attributes": {
            "gateway_id": "",
            "id": "rtbassoc-084b0132fa7271cc9",
            "route_table_id": "rtb-0834fbbd57091763b",
            "subnet_id": "subnet-0bcd118293a854bbe"
          },
          "sensitive_attributes": [],
          "private": "bnVsbA==",
          "dependencies": [
            "module.vpc.aws_route_table.private",
            "module.vpc.aws_subnet.private",
            "module.vpc.aws_vpc.this",
            "module.vpc.aws_vpc_ipv4_cidr_block_association.this"
          ]
        },
        {
          "index_key": 4,
          "schema_version": 0,
          "attributes": {
            "gateway_id": "",
            "id": "rtbassoc-0e3f38ac2aca01805",
            "route_table_id": "rtb-0834fbbd57091763b",
            "subnet_id": "subnet-0936ba609a4afcaaf"
          },
          "sensitive_attributes": [],
          "private": "bnVsbA==",
          "dependencies": [
            "module.vpc.aws_route_table.private",
            "module.vpc.aws_subnet.private",
            "module.vpc.aws_vpc.this",
            "module.vpc.aws_vpc_ipv4_cidr_block_association.this"
          ]
        }
      ]
    },
    {
      "module": "module.vpc",
      "mode": "managed",
      "type": "aws_route_table_association",
      "name": "public",
      "provider": "provider[\"registry.terraform.io/hashicorp/aws\"]",
      "instances": [
        {
          "index_key": 0,
          "schema_version": 0,
          "attributes": {
            "gateway_id": "",
            "id": "rtbassoc-0e25e43881340e841",
            "route_table_id": "rtb-0a5cf4dde0d3caf6a",
            "subnet_id": "subnet-09272e74a276c4764"
          },
          "sensitive_attributes": [],
          "private": "bnVsbA==",
          "dependencies": [
            "module.vpc.aws_route_table.public",
            "module.vpc.aws_subnet.public",
            "module.vpc.aws_vpc.this",
            "module.vpc.aws_vpc_ipv4_cidr_block_association.this"
          ]
        },
        {
          "index_key": 1,
          "schema_version": 0,
          "attributes": {
            "gateway_id": "",
            "id": "rtbassoc-055fdba1348703e1b",
            "route_table_id": "rtb-0a5cf4dde0d3caf6a",
            "subnet_id": "subnet-0a2bf3bbe38b3bd4e"
          },
          "sensitive_attributes": [],
          "private": "bnVsbA==",
          "dependencies": [
            "module.vpc.aws_route_table.public",
            "module.vpc.aws_subnet.public",
            "module.vpc.aws_vpc.this",
            "module.vpc.aws_vpc_ipv4_cidr_block_association.this"
          ]
        },
        {
          "index_key": 2,
          "schema_version": 0,
          "attributes": {
            "gateway_id": "",
            "id": "rtbassoc-095f1544b8f313fb0",
            "route_table_id": "rtb-0a5cf4dde0d3caf6a",
            "subnet_id": "subnet-05ebcd4487509dd78"
          },
          "sensitive_attributes": [],
          "private": "bnVsbA==",
          "dependencies": [
            "module.vpc.aws_route_table.public",
            "module.vpc.aws_subnet.public",
            "module.vpc.aws_vpc.this",
            "module.vpc.aws_vpc_ipv4_cidr_block_association.this"
          ]
        },
        {
          "index_key": 3,
          "schema_version": 0,
          "attributes": {
            "gateway_id": "",
            "id": "rtbassoc-0cfe560ad7167397a",
            "route_table_id": "rtb-0a5cf4dde0d3caf6a",
            "subnet_id": "subnet-0bcf3cd6f7f26fee2"
          },
          "sensitive_attributes": [],
          "private": "bnVsbA==",
          "dependencies": [
            "module.vpc.aws_route_table.public",
            "module.vpc.aws_subnet.public",
            "module.vpc.aws_vpc.this",
            "module.vpc.aws_vpc_ipv4_cidr_block_association.this"
          ]
        },
        {
          "index_key": 4,
          "schema_version": 0,
          "attributes": {
            "gateway_id": "",
            "id": "rtbassoc-0356127a1bb6c5e72",
            "route_table_id": "rtb-0a5cf4dde0d3caf6a",
            "subnet_id": "subnet-0fc7665d5c599ba6c"
          },
          "sensitive_attributes": [],
          "private": "bnVsbA==",
          "dependencies": [
            "module.vpc.aws_route_table.public",
            "module.vpc.aws_subnet.public",
            "module.vpc.aws_vpc.this",
            "module.vpc.aws_vpc_ipv4_cidr_block_association.this"
          ]
        }
      ]
    },
    {
      "module": "module.vpc",
      "mode": "managed",
      "type": "aws_subnet",
      "name": "private",
      "provider": "provider[\"registry.terraform.io/hashicorp/aws\"]",
      "instances": [
        {
          "index_key": 0,
          "schema_version": 1,
          "attributes": {
            "arn": "arn:aws:ec2:us-east-1:143499875247:subnet/subnet-056f8b4f75a88debd",
            "assign_ipv6_address_on_creation": false,
            "availability_zone": "us-east-1a",
            "availability_zone_id": "use1-az1",
            "cidr_block": "172.23.0.0/22",
            "customer_owned_ipv4_pool": "",
            "enable_dns64": false,
            "enable_resource_name_dns_a_record_on_launch": false,
            "enable_resource_name_dns_aaaa_record_on_launch": false,
            "id": "subnet-056f8b4f75a88debd",
            "ipv6_cidr_block": "",
            "ipv6_cidr_block_association_id": "",
            "ipv6_native": false,
            "map_customer_owned_ip_on_launch": false,
            "map_public_ip_on_launch": false,
            "outpost_arn": "",
            "owner_id": "143499875247",
            "private_dns_hostname_type_on_launch": "ip-name",
            "tags": {
              "Name": "caldera-test_private"
            },
            "tags_all": {
              "Name": "caldera-test_private"
            },
            "timeouts": null,
            "vpc_id": "vpc-08c00cb124d77b5b2"
          },
          "sensitive_attributes": [],
          "private": "eyJlMmJmYjczMC1lY2FhLTExZTYtOGY4OC0zNDM2M2JjN2M0YzAiOnsiY3JlYXRlIjo2MDAwMDAwMDAwMDAsImRlbGV0ZSI6MTIwMDAwMDAwMDAwMH0sInNjaGVtYV92ZXJzaW9uIjoiMSJ9",
          "dependencies": [
            "module.vpc.aws_vpc.this",
            "module.vpc.aws_vpc_ipv4_cidr_block_association.this"
          ]
        },
        {
          "index_key": 1,
          "schema_version": 1,
          "attributes": {
            "arn": "arn:aws:ec2:us-east-1:143499875247:subnet/subnet-0ebf51ad543073f90",
            "assign_ipv6_address_on_creation": false,
            "availability_zone": "us-east-1b",
            "availability_zone_id": "use1-az2",
            "cidr_block": "172.23.32.0/22",
            "customer_owned_ipv4_pool": "",
            "enable_dns64": false,
            "enable_resource_name_dns_a_record_on_launch": false,
            "enable_resource_name_dns_aaaa_record_on_launch": false,
            "id": "subnet-0ebf51ad543073f90",
            "ipv6_cidr_block": "",
            "ipv6_cidr_block_association_id": "",
            "ipv6_native": false,
            "map_customer_owned_ip_on_launch": false,
            "map_public_ip_on_launch": false,
            "outpost_arn": "",
            "owner_id": "143499875247",
            "private_dns_hostname_type_on_launch": "ip-name",
            "tags": {
              "Name": "caldera-test_private"
            },
            "tags_all": {
              "Name": "caldera-test_private"
            },
            "timeouts": null,
            "vpc_id": "vpc-08c00cb124d77b5b2"
          },
          "sensitive_attributes": [],
          "private": "eyJlMmJmYjczMC1lY2FhLTExZTYtOGY4OC0zNDM2M2JjN2M0YzAiOnsiY3JlYXRlIjo2MDAwMDAwMDAwMDAsImRlbGV0ZSI6MTIwMDAwMDAwMDAwMH0sInNjaGVtYV92ZXJzaW9uIjoiMSJ9",
          "dependencies": [
            "module.vpc.aws_vpc.this",
            "module.vpc.aws_vpc_ipv4_cidr_block_association.this"
          ]
        },
        {
          "index_key": 2,
          "schema_version": 1,
          "attributes": {
            "arn": "arn:aws:ec2:us-east-1:143499875247:subnet/subnet-01e96b83e753aa498",
            "assign_ipv6_address_on_creation": false,
            "availability_zone": "us-east-1c",
            "availability_zone_id": "use1-az4",
            "cidr_block": "172.23.64.0/22",
            "customer_owned_ipv4_pool": "",
            "enable_dns64": false,
            "enable_resource_name_dns_a_record_on_launch": false,
            "enable_resource_name_dns_aaaa_record_on_launch": false,
            "id": "subnet-01e96b83e753aa498",
            "ipv6_cidr_block": "",
            "ipv6_cidr_block_association_id": "",
            "ipv6_native": false,
            "map_customer_owned_ip_on_launch": false,
            "map_public_ip_on_launch": false,
            "outpost_arn": "",
            "owner_id": "143499875247",
            "private_dns_hostname_type_on_launch": "ip-name",
            "tags": {
              "Name": "caldera-test_private"
            },
            "tags_all": {
              "Name": "caldera-test_private"
            },
            "timeouts": null,
            "vpc_id": "vpc-08c00cb124d77b5b2"
          },
          "sensitive_attributes": [],
          "private": "eyJlMmJmYjczMC1lY2FhLTExZTYtOGY4OC0zNDM2M2JjN2M0YzAiOnsiY3JlYXRlIjo2MDAwMDAwMDAwMDAsImRlbGV0ZSI6MTIwMDAwMDAwMDAwMH0sInNjaGVtYV92ZXJzaW9uIjoiMSJ9",
          "dependencies": [
            "module.vpc.aws_vpc.this",
            "module.vpc.aws_vpc_ipv4_cidr_block_association.this"
          ]
        },
        {
          "index_key": 3,
          "schema_version": 1,
          "attributes": {
            "arn": "arn:aws:ec2:us-east-1:143499875247:subnet/subnet-0bcd118293a854bbe",
            "assign_ipv6_address_on_creation": false,
            "availability_zone": "us-east-1d",
            "availability_zone_id": "use1-az6",
            "cidr_block": "172.23.96.0/22",
            "customer_owned_ipv4_pool": "",
            "enable_dns64": false,
            "enable_resource_name_dns_a_record_on_launch": false,
            "enable_resource_name_dns_aaaa_record_on_launch": false,
            "id": "subnet-0bcd118293a854bbe",
            "ipv6_cidr_block": "",
            "ipv6_cidr_block_association_id": "",
            "ipv6_native": false,
            "map_customer_owned_ip_on_launch": false,
            "map_public_ip_on_launch": false,
            "outpost_arn": "",
            "owner_id": "143499875247",
            "private_dns_hostname_type_on_launch": "ip-name",
            "tags": {
              "Name": "caldera-test_private"
            },
            "tags_all": {
              "Name": "caldera-test_private"
            },
            "timeouts": null,
            "vpc_id": "vpc-08c00cb124d77b5b2"
          },
          "sensitive_attributes": [],
          "private": "eyJlMmJmYjczMC1lY2FhLTExZTYtOGY4OC0zNDM2M2JjN2M0YzAiOnsiY3JlYXRlIjo2MDAwMDAwMDAwMDAsImRlbGV0ZSI6MTIwMDAwMDAwMDAwMH0sInNjaGVtYV92ZXJzaW9uIjoiMSJ9",
          "dependencies": [
            "module.vpc.aws_vpc.this",
            "module.vpc.aws_vpc_ipv4_cidr_block_association.this"
          ]
        },
        {
          "index_key": 4,
          "schema_version": 1,
          "attributes": {
            "arn": "arn:aws:ec2:us-east-1:143499875247:subnet/subnet-0936ba609a4afcaaf",
            "assign_ipv6_address_on_creation": false,
            "availability_zone": "us-east-1f",
            "availability_zone_id": "use1-az5",
            "cidr_block": "172.23.160.0/22",
            "customer_owned_ipv4_pool": "",
            "enable_dns64": false,
            "enable_resource_name_dns_a_record_on_launch": false,
            "enable_resource_name_dns_aaaa_record_on_launch": false,
            "id": "subnet-0936ba609a4afcaaf",
            "ipv6_cidr_block": "",
            "ipv6_cidr_block_association_id": "",
            "ipv6_native": false,
            "map_customer_owned_ip_on_launch": false,
            "map_public_ip_on_launch": false,
            "outpost_arn": "",
            "owner_id": "143499875247",
            "private_dns_hostname_type_on_launch": "ip-name",
            "tags": {
              "Name": "caldera-test_private"
            },
            "tags_all": {
              "Name": "caldera-test_private"
            },
            "timeouts": null,
            "vpc_id": "vpc-08c00cb124d77b5b2"
          },
          "sensitive_attributes": [],
          "private": "eyJlMmJmYjczMC1lY2FhLTExZTYtOGY4OC0zNDM2M2JjN2M0YzAiOnsiY3JlYXRlIjo2MDAwMDAwMDAwMDAsImRlbGV0ZSI6MTIwMDAwMDAwMDAwMH0sInNjaGVtYV92ZXJzaW9uIjoiMSJ9",
          "dependencies": [
            "module.vpc.aws_vpc.this",
            "module.vpc.aws_vpc_ipv4_cidr_block_association.this"
          ]
        }
      ]
    },
    {
      "module": "module.vpc",
      "mode": "managed",
      "type": "aws_subnet",
      "name": "public",
      "provider": "provider[\"registry.terraform.io/hashicorp/aws\"]",
      "instances": [
        {
          "index_key": 0,
          "schema_version": 1,
          "attributes": {
            "arn": "arn:aws:ec2:us-east-1:143499875247:subnet/subnet-09272e74a276c4764",
            "assign_ipv6_address_on_creation": false,
            "availability_zone": "us-east-1a",
            "availability_zone_id": "use1-az1",
            "cidr_block": "172.23.4.0/22",
            "customer_owned_ipv4_pool": "",
            "enable_dns64": false,
            "enable_resource_name_dns_a_record_on_launch": false,
            "enable_resource_name_dns_aaaa_record_on_launch": false,
            "id": "subnet-09272e74a276c4764",
            "ipv6_cidr_block": "",
            "ipv6_cidr_block_association_id": "",
            "ipv6_native": false,
            "map_customer_owned_ip_on_launch": false,
            "map_public_ip_on_launch": true,
            "outpost_arn": "",
            "owner_id": "143499875247",
            "private_dns_hostname_type_on_launch": "ip-name",
            "tags": {
              "Name": "caldera-test_public"
            },
            "tags_all": {
              "Name": "caldera-test_public"
            },
            "timeouts": null,
            "vpc_id": "vpc-08c00cb124d77b5b2"
          },
          "sensitive_attributes": [],
          "private": "eyJlMmJmYjczMC1lY2FhLTExZTYtOGY4OC0zNDM2M2JjN2M0YzAiOnsiY3JlYXRlIjo2MDAwMDAwMDAwMDAsImRlbGV0ZSI6MTIwMDAwMDAwMDAwMH0sInNjaGVtYV92ZXJzaW9uIjoiMSJ9",
          "dependencies": [
            "module.vpc.aws_vpc.this",
            "module.vpc.aws_vpc_ipv4_cidr_block_association.this"
          ]
        },
        {
          "index_key": 1,
          "schema_version": 1,
          "attributes": {
            "arn": "arn:aws:ec2:us-east-1:143499875247:subnet/subnet-0a2bf3bbe38b3bd4e",
            "assign_ipv6_address_on_creation": false,
            "availability_zone": "us-east-1b",
            "availability_zone_id": "use1-az2",
            "cidr_block": "172.23.36.0/22",
            "customer_owned_ipv4_pool": "",
            "enable_dns64": false,
            "enable_resource_name_dns_a_record_on_launch": false,
            "enable_resource_name_dns_aaaa_record_on_launch": false,
            "id": "subnet-0a2bf3bbe38b3bd4e",
            "ipv6_cidr_block": "",
            "ipv6_cidr_block_association_id": "",
            "ipv6_native": false,
            "map_customer_owned_ip_on_launch": false,
            "map_public_ip_on_launch": true,
            "outpost_arn": "",
            "owner_id": "143499875247",
            "private_dns_hostname_type_on_launch": "ip-name",
            "tags": {
              "Name": "caldera-test_public"
            },
            "tags_all": {
              "Name": "caldera-test_public"
            },
            "timeouts": null,
            "vpc_id": "vpc-08c00cb124d77b5b2"
          },
          "sensitive_attributes": [],
          "private": "eyJlMmJmYjczMC1lY2FhLTExZTYtOGY4OC0zNDM2M2JjN2M0YzAiOnsiY3JlYXRlIjo2MDAwMDAwMDAwMDAsImRlbGV0ZSI6MTIwMDAwMDAwMDAwMH0sInNjaGVtYV92ZXJzaW9uIjoiMSJ9",
          "dependencies": [
            "module.vpc.aws_vpc.this",
            "module.vpc.aws_vpc_ipv4_cidr_block_association.this"
          ]
        },
        {
          "index_key": 2,
          "schema_version": 1,
          "attributes": {
            "arn": "arn:aws:ec2:us-east-1:143499875247:subnet/subnet-05ebcd4487509dd78",
            "assign_ipv6_address_on_creation": false,
            "availability_zone": "us-east-1c",
            "availability_zone_id": "use1-az4",
            "cidr_block": "172.23.68.0/22",
            "customer_owned_ipv4_pool": "",
            "enable_dns64": false,
            "enable_resource_name_dns_a_record_on_launch": false,
            "enable_resource_name_dns_aaaa_record_on_launch": false,
            "id": "subnet-05ebcd4487509dd78",
            "ipv6_cidr_block": "",
            "ipv6_cidr_block_association_id": "",
            "ipv6_native": false,
            "map_customer_owned_ip_on_launch": false,
            "map_public_ip_on_launch": true,
            "outpost_arn": "",
            "owner_id": "143499875247",
            "private_dns_hostname_type_on_launch": "ip-name",
            "tags": {
              "Name": "caldera-test_public"
            },
            "tags_all": {
              "Name": "caldera-test_public"
            },
            "timeouts": null,
            "vpc_id": "vpc-08c00cb124d77b5b2"
          },
          "sensitive_attributes": [],
          "private": "eyJlMmJmYjczMC1lY2FhLTExZTYtOGY4OC0zNDM2M2JjN2M0YzAiOnsiY3JlYXRlIjo2MDAwMDAwMDAwMDAsImRlbGV0ZSI6MTIwMDAwMDAwMDAwMH0sInNjaGVtYV92ZXJzaW9uIjoiMSJ9",
          "dependencies": [
            "module.vpc.aws_vpc.this",
            "module.vpc.aws_vpc_ipv4_cidr_block_association.this"
          ]
        },
        {
          "index_key": 3,
          "schema_version": 1,
          "attributes": {
            "arn": "arn:aws:ec2:us-east-1:143499875247:subnet/subnet-0bcf3cd6f7f26fee2",
            "assign_ipv6_address_on_creation": false,
            "availability_zone": "us-east-1d",
            "availability_zone_id": "use1-az6",
            "cidr_block": "172.23.100.0/22",
            "customer_owned_ipv4_pool": "",
            "enable_dns64": false,
            "enable_resource_name_dns_a_record_on_launch": false,
            "enable_resource_name_dns_aaaa_record_on_launch": false,
            "id": "subnet-0bcf3cd6f7f26fee2",
            "ipv6_cidr_block": "",
            "ipv6_cidr_block_association_id": "",
            "ipv6_native": false,
            "map_customer_owned_ip_on_launch": false,
            "map_public_ip_on_launch": true,
            "outpost_arn": "",
            "owner_id": "143499875247",
            "private_dns_hostname_type_on_launch": "ip-name",
            "tags": {
              "Name": "caldera-test_public"
            },
            "tags_all": {
              "Name": "caldera-test_public"
            },
            "timeouts": null,
            "vpc_id": "vpc-08c00cb124d77b5b2"
          },
          "sensitive_attributes": [],
          "private": "eyJlMmJmYjczMC1lY2FhLTExZTYtOGY4OC0zNDM2M2JjN2M0YzAiOnsiY3JlYXRlIjo2MDAwMDAwMDAwMDAsImRlbGV0ZSI6MTIwMDAwMDAwMDAwMH0sInNjaGVtYV92ZXJzaW9uIjoiMSJ9",
          "dependencies": [
            "module.vpc.aws_vpc.this",
            "module.vpc.aws_vpc_ipv4_cidr_block_association.this"
          ]
        },
        {
          "index_key": 4,
          "schema_version": 1,
          "attributes": {
            "arn": "arn:aws:ec2:us-east-1:143499875247:subnet/subnet-0fc7665d5c599ba6c",
            "assign_ipv6_address_on_creation": false,
            "availability_zone": "us-east-1f",
            "availability_zone_id": "use1-az5",
            "cidr_block": "172.23.164.0/22",
            "customer_owned_ipv4_pool": "",
            "enable_dns64": false,
            "enable_resource_name_dns_a_record_on_launch": false,
            "enable_resource_name_dns_aaaa_record_on_launch": false,
            "id": "subnet-0fc7665d5c599ba6c",
            "ipv6_cidr_block": "",
            "ipv6_cidr_block_association_id": "",
            "ipv6_native": false,
            "map_customer_owned_ip_on_launch": false,
            "map_public_ip_on_launch": true,
            "outpost_arn": "",
            "owner_id": "143499875247",
            "private_dns_hostname_type_on_launch": "ip-name",
            "tags": {
              "Name": "caldera-test_public"
            },
            "tags_all": {
              "Name": "caldera-test_public"
            },
            "timeouts": null,
            "vpc_id": "vpc-08c00cb124d77b5b2"
          },
          "sensitive_attributes": [],
          "private": "eyJlMmJmYjczMC1lY2FhLTExZTYtOGY4OC0zNDM2M2JjN2M0YzAiOnsiY3JlYXRlIjo2MDAwMDAwMDAwMDAsImRlbGV0ZSI6MTIwMDAwMDAwMDAwMH0sInNjaGVtYV92ZXJzaW9uIjoiMSJ9",
          "dependencies": [
            "module.vpc.aws_vpc.this",
            "module.vpc.aws_vpc_ipv4_cidr_block_association.this"
          ]
        }
      ]
    },
    {
      "module": "module.vpc",
      "mode": "managed",
      "type": "aws_vpc",
      "name": "this",
      "provider": "provider[\"registry.terraform.io/hashicorp/aws\"]",
      "instances": [
        {
          "index_key": 0,
          "schema_version": 1,
          "attributes": {
            "arn": "arn:aws:ec2:us-east-1:143499875247:vpc/vpc-08c00cb124d77b5b2",
            "assign_generated_ipv6_cidr_block": false,
            "cidr_block": "172.23.0.0/16",
            "default_network_acl_id": "acl-0a51a5c7384918fb6",
            "default_route_table_id": "rtb-04ac918e6f9c7f311",
            "default_security_group_id": "sg-0677e4bb6a1920293",
            "dhcp_options_id": "dopt-06c6da6130092fb7f",
            "enable_classiclink": false,
            "enable_classiclink_dns_support": false,
            "enable_dns_hostnames": true,
            "enable_dns_support": true,
            "id": "vpc-08c00cb124d77b5b2",
            "instance_tenancy": "default",
            "ipv4_ipam_pool_id": null,
            "ipv4_netmask_length": null,
            "ipv6_association_id": "",
            "ipv6_cidr_block": "",
            "ipv6_cidr_block_network_border_group": "",
            "ipv6_ipam_pool_id": "",
            "ipv6_netmask_length": 0,
            "main_route_table_id": "rtb-04ac918e6f9c7f311",
            "owner_id": "143499875247",
            "tags": {
              "Name": "VPC"
            },
            "tags_all": {
              "Name": "VPC"
            }
          },
          "sensitive_attributes": [],
          "private": "eyJzY2hlbWFfdmVyc2lvbiI6IjEifQ=="
        }
      ]
    }
  ]
}
