{
  "version": 4,
  "terraform_version": "1.2.4",
  "serial": 38,
  "lineage": "33bc20e6-6315-fa4b-12b5-ece35f6f571a",
  "outputs": {
    "caldera_server_ip": {
      "value": "3.83.155.210",
      "type": "string"
    },
    "linux_host_ip": {
      "value": "172.23.0.191",
      "type": "string"
    },
    "rsa_private_key": {
      "value": "-----BEGIN RSA PRIVATE KEY-----\nMIIJKQIBAAKCAgEAqj3dOiDGMR08g5fKzpLal17DZvGlvw88+5AUwmFNosfy7u4e\nj2VJiv6urMz1WKa9RBLgWavpBKzoYeXaIHRIOeu3AGqPKGBvYflofqkqPhQRK4+l\n/pUUuyoKA1d2HXTKohfXKjEbfl9eJ7GjWjht3jlkK6d6JajTHcQG8umXIp27AQCz\nlNax6vCTO/FNVInuMfua3K9MOSIx1WYSkp/gQKIgoKKPitGulsrYVig08kHp7Rb+\nn3PCerIPLbiZcaPLLmxPER+Iq1J6caoEAKXBLSGJMbVMsOgD3iPOlRKxvBHcjZH1\nENEfsL3PR7LYHsZ5Z7T4gNBb20nyzldWfdRSYAPx0Pwl0twpjI9koDQb1X3FZyZb\n/GHAtQWvIYtk/phC9oionsenT1FyCDiml/u9iM6PV4Lq3+/Fm9UlttYEfzWD+uJ6\n7sIwoTB4D2QDJOZKacUWAG51Fh4z4NPYj3LmXQLUCG7RGBXO+hYArVzGWuQ5SZBY\nksHcfi0EEEB7vMjFg/zxxN8ljCWLya9NFdvyujuWMkOMqPa4tNaPQtdBaKetNnOt\nKYYGJkDhTKeo/LKO2ZK4rm9nGkKM9nVm6K/5JmkX7l5mJ1OEywF8OCtn9VlcHUpg\nKimfPvy45Shh27or4sufnfmpNF2ccp+n9CURmxANHkYKsUNzls2W4VZiFw0CAwEA\nAQKCAgEAmp89w4HpAMrRH6RKa30uVLWZPHLWW8X3WXTvpezCmsqId0KHNy6DsV7I\nP+KYJECtPpr2cfuV1M1G80PU7g0vXIwe1p3yEHYmNBJXOlNjLqcDQVFjLuswvR3d\nolNZ0D83nCmTH5sioZD075CEEXmXMHNn685dPr8roKletlo7DxG7u5lrgg/N4NlI\noPT1i4cLdRJVAYOl825/XJcs30eeYpXelIeRYEA6FnN+MiKqlC4RzWlJMoHtbYs0\nBg7YL0LZU/zDg4Xkl9Z9p6cHo57o6ZjABwnn8fWJLcXP583m6C5A58RdlTybT+fV\n0AU8DheuROc1namhBHcRtR/WSssBVP/ThOq9lTn/EebpcY4XYlVtabdyRvDkv6qY\nDSblz3cpTggK2tlC9obAfSfCkBYspJnr3CnF1n/RoEsZ5foe8TK4MUiiSy2mLigf\npiKCx70B+Qr4fkuygkZhqs5r2kKXUFAGJ+irSsL+2u6lfy276gJRXO5MN3naPlA3\nRSP3bJNX0w3jgrOB2haA0N3SVTpF8Y8Rv8gMxpaSv9sZHxq2UIqq6ZrtnQbHaurp\nF0Epnw40bxX0dH9quUHbdTuIjLs2JpKkDmHytPC9REY/w7ogE3zMX1+hmMVdTJlf\nPZyQ42FXms1u90rKtQcjA9fe+S4XUumJyVwynSWYx9tMX9WNfgECggEBAN3ZUqt8\nxglrlWZQK4scI8KUm33yqwzHArC+pnrSTrwwviZGl1HG78GDz6qttt1EixwMCM+h\nY76F6rDWrrWQpDYUb7HNuKouzetE1HrZ5B7EFW5MdTi4MgDuQBJKPAqhPidfZb4t\nYTDPE6FnFdwVpeklwj9DY99smTJgws+bJre795DBHFLIeMyWwMWU8QckZztKekhx\n/Kb6hcGV4uBHThlMnq3iIAPc6dfOa03Q97JgCORkT60I4+XIDwlU5KeG1NBV/b/3\nv3kGacThCGUfc2oh7RdY44WyXNqNC7wAZYoc9o1MwwOwFyCbd0o0V6sZGGgz/rFJ\n4azEtwo1r++iLaECggEBAMRyyh6fc2yxFKwrsfT7Jpsbmt207rW6Kbl1ZLAekqCY\nufyskzxKLG1W2dDXjrrhZvPL/7sbGrHtgxX8fIXuEczEN7MhP1Cd6QW63gEn1Sy0\nzbQBJ/bSjv1GPf4QsDUv5YWivX9fhguCr/vdz8cJrsctVibPR3V7b+JFfOheLxxs\njzyPjGQWsM5syeLx2OlDmUnyBsN3gdKRK4e3A0rI2rYIbPIyonokewl+N/WHTSss\n/G99C4fuqg0QXGQC+qQfZFPZAUNNMPGE6aR+7jjxaxW+6OjTu8xYBB2LWSy8S2TX\nhzAN/O3ypYfn+QiKm3ld0Lytmqk5mwg3L3/bN/b1Oe0CggEAWY5ZaRC9gSAE94B1\nk3qQlQQYoQdNNaNA2sibvAkZ765dlGX6v/Bm6N+k/WmS4E/DOFdDV033TfoRe8Gu\nVW1GXO5zCHvbiBfM2KS4gb9j72eInzYOPA9fYDDNfJSrGD9vL8W69MKs8V8mtYk/\nsdCrYSr090TlFFRqo4OcIOKpBpLCpZTPMjvrR+uzdg9iHVf8tFqkcopRS7bmN/eh\n1pfyVxQvGlKmSejsHUoe1xL8au2JqWk1IMzt8tyH9WRnyZkMX+3WuZ/xk5GbMPcG\nxIuls7puU3Z2oooWIcO+cO5YDyESBohuURbMv0UDKtlmapN+3tHehwMkLvJaUazK\nkRoPAQKCAQEAqARVgmN14RyDRc4JYjH8DuVJSx4YnC0gypHxEADV/60gRU+EjigS\nX2HM4aW7WXK3DwUHMAw6hLtTRlawWgwIBU49JWPmNxkX1+K/RdW/qYDp/m6Os7fa\nvBx7oPS9AIB6mhVaZbpZdzbLNWu87csGRSwtZvwZbg2o36n27va+7FydFXrg5CnU\nBnldIlEe6EL8tBXgWwW3b1TiGi0ZD7lB9ja2l19fP4A8Cx581e5mveq37NLSLeye\nXJYFrzQtEnoW4O/U+K7okWjQO/Sj4uf4Ypzpr1iIYnlU67/nAS/6e8EqyprsHMdP\ndDGe+QMzflYS1YzVnq66PgiVA5GHCB0s8QKCAQBUwcn7nldHSMb0Rg+IQd81LOwB\n8+cWRPcrAWmq/pxyQHNMKu0D7t//4Y7ZYWsUB0q/opucpaGSmGTkYwuDPHmv0Uf5\n0Z67QWTDqUfJyYLo26uyqSarI5reE/a10N/W8dQMzfuat6zcbue0YJ0Sd6RPkSqA\nN1PvW7Gel0Sq7PCBpXTBgO+hqEatfKEiPILnJFfs0aA8282aL56UYuBnCPBSVvCH\nOZVyRMW85HhnwcQ0RhEqRx0X1pxAoDIfRcNx5k5wIO7leybjI/kdjPs3RpNg8q9p\neLDchptUEeJ6C084fSQtg6OjGipAofxEN7/d/u7XyNVT944F2lzoDUam1pQm\n-----END RSA PRIVATE KEY-----\n",
      "type": "string"
    },
    "windows_host_ip": {
      "value": "172.23.4.63",
      "type": "string"
    }
  },
  "resources": [
    {
      "mode": "managed",
      "type": "aws_instance",
      "name": "caldera_server",
      "provider": "provider[\"registry.terraform.io/hashicorp/aws\"]",
      "instances": [
        {
          "schema_version": 1,
          "attributes": {
            "ami": "ami-09d56f8956ab235b3",
            "arn": "arn:aws:ec2:us-east-1:230188408900:instance/i-09b5e8460e93b8fba",
            "associate_public_ip_address": true,
            "availability_zone": "us-east-1a",
            "capacity_reservation_specification": [
              {
                "capacity_reservation_preference": "open",
                "capacity_reservation_target": []
              }
            ],
            "cpu_core_count": 1,
            "cpu_threads_per_core": 2,
            "credit_specification": [
              {
                "cpu_credits": "unlimited"
              }
            ],
            "disable_api_stop": false,
            "disable_api_termination": false,
            "ebs_block_device": [],
            "ebs_optimized": false,
            "enclave_options": [
              {
                "enabled": false
              }
            ],
            "ephemeral_block_device": [],
            "get_password_data": false,
            "hibernation": false,
            "host_id": null,
            "iam_instance_profile": "",
            "id": "i-09b5e8460e93b8fba",
            "instance_initiated_shutdown_behavior": "stop",
            "instance_state": "running",
            "instance_type": "t3.medium",
            "ipv6_address_count": 0,
            "ipv6_addresses": [],
            "key_name": "caldera-nodes",
            "launch_template": [],
            "maintenance_options": [
              {
                "auto_recovery": "default"
              }
            ],
            "metadata_options": [
              {
                "http_endpoint": "enabled",
                "http_put_response_hop_limit": 1,
                "http_tokens": "optional",
                "instance_metadata_tags": "disabled"
              }
            ],
            "monitoring": false,
            "network_interface": [],
            "outpost_arn": "",
            "password_data": "",
            "placement_group": "",
            "placement_partition_number": null,
            "primary_network_interface_id": "eni-0a50e77cb86cc5885",
            "private_dns": "ip-172-23-6-95.ec2.internal",
            "private_dns_name_options": [
              {
                "enable_resource_name_dns_a_record": false,
                "enable_resource_name_dns_aaaa_record": false,
                "hostname_type": "ip-name"
              }
            ],
            "private_ip": "172.23.6.95",
            "public_dns": "ec2-3-83-155-210.compute-1.amazonaws.com",
            "public_ip": "3.83.155.210",
            "root_block_device": [
              {
                "delete_on_termination": true,
                "device_name": "/dev/sda1",
                "encrypted": false,
                "iops": 100,
                "kms_key_id": "",
                "tags": {},
                "throughput": 0,
                "volume_id": "vol-0241cb83ef8161fe5",
                "volume_size": 8,
                "volume_type": "gp2"
              }
            ],
            "secondary_private_ips": [],
            "security_groups": [],
            "source_dest_check": true,
            "subnet_id": "subnet-0408820586ec7fddb",
            "tags": {
              "Name": "caldera_server",
              "environment": "caldera-test"
            },
            "tags_all": {
              "Name": "caldera_server",
              "environment": "caldera-test"
            },
            "tenancy": "default",
            "timeouts": null,
            "user_data": null,
            "user_data_base64": null,
            "user_data_replace_on_change": false,
            "volume_tags": null,
            "vpc_security_group_ids": [
              "sg-0c1f364533de74700"
            ]
          },
          "sensitive_attributes": [],
          "private": "eyJlMmJmYjczMC1lY2FhLTExZTYtOGY4OC0zNDM2M2JjN2M0YzAiOnsiY3JlYXRlIjo2MDAwMDAwMDAwMDAsImRlbGV0ZSI6MTIwMDAwMDAwMDAwMCwidXBkYXRlIjo2MDAwMDAwMDAwMDB9LCJzY2hlbWFfdmVyc2lvbiI6IjEifQ==",
          "dependencies": [
            "aws_security_group.sg_caldera_server",
            "module.aws_rsa_key.aws_key_pair.worker",
            "module.aws_rsa_key.local_file.ssh_local",
            "module.aws_rsa_key.tls_private_key.ssh_key",
            "module.vpc.aws_cloudwatch_log_group.flow_log",
            "module.vpc.aws_customer_gateway.this",
            "module.vpc.aws_db_subnet_group.database",
            "module.vpc.aws_default_network_acl.this",
            "module.vpc.aws_default_route_table.default",
            "module.vpc.aws_default_security_group.this",
            "module.vpc.aws_default_vpc.this",
            "module.vpc.aws_egress_only_internet_gateway.this",
            "module.vpc.aws_eip.nat",
            "module.vpc.aws_elasticache_subnet_group.elasticache",
            "module.vpc.aws_flow_log.this",
            "module.vpc.aws_iam_policy.vpc_flow_log_cloudwatch",
            "module.vpc.aws_iam_role.vpc_flow_log_cloudwatch",
            "module.vpc.aws_iam_role_policy_attachment.vpc_flow_log_cloudwatch",
            "module.vpc.aws_internet_gateway.this",
            "module.vpc.aws_nat_gateway.this",
            "module.vpc.aws_network_acl.database",
            "module.vpc.aws_network_acl.elasticache",
            "module.vpc.aws_network_acl.intra",
            "module.vpc.aws_network_acl.outpost",
            "module.vpc.aws_network_acl.private",
            "module.vpc.aws_network_acl.public",
            "module.vpc.aws_network_acl.redshift",
            "module.vpc.aws_network_acl_rule.database_inbound",
            "module.vpc.aws_network_acl_rule.database_outbound",
            "module.vpc.aws_network_acl_rule.elasticache_inbound",
            "module.vpc.aws_network_acl_rule.elasticache_outbound",
            "module.vpc.aws_network_acl_rule.intra_inbound",
            "module.vpc.aws_network_acl_rule.intra_outbound",
            "module.vpc.aws_network_acl_rule.outpost_inbound",
            "module.vpc.aws_network_acl_rule.outpost_outbound",
            "module.vpc.aws_network_acl_rule.private_inbound",
            "module.vpc.aws_network_acl_rule.private_outbound",
            "module.vpc.aws_network_acl_rule.public_inbound",
            "module.vpc.aws_network_acl_rule.public_outbound",
            "module.vpc.aws_network_acl_rule.redshift_inbound",
            "module.vpc.aws_network_acl_rule.redshift_outbound",
            "module.vpc.aws_redshift_subnet_group.redshift",
            "module.vpc.aws_route.database_internet_gateway",
            "module.vpc.aws_route.database_ipv6_egress",
            "module.vpc.aws_route.database_nat_gateway",
            "module.vpc.aws_route.private_ipv6_egress",
            "module.vpc.aws_route.private_nat_gateway",
            "module.vpc.aws_route.public_internet_gateway",
            "module.vpc.aws_route.public_internet_gateway_ipv6",
            "module.vpc.aws_route_table.database",
            "module.vpc.aws_route_table.elasticache",
            "module.vpc.aws_route_table.intra",
            "module.vpc.aws_route_table.private",
            "module.vpc.aws_route_table.public",
            "module.vpc.aws_route_table.redshift",
            "module.vpc.aws_route_table_association.database",
            "module.vpc.aws_route_table_association.elasticache",
            "module.vpc.aws_route_table_association.intra",
            "module.vpc.aws_route_table_association.outpost",
            "module.vpc.aws_route_table_association.private",
            "module.vpc.aws_route_table_association.public",
            "module.vpc.aws_route_table_association.redshift",
            "module.vpc.aws_route_table_association.redshift_public",
            "module.vpc.aws_subnet.database",
            "module.vpc.aws_subnet.elasticache",
            "module.vpc.aws_subnet.intra",
            "module.vpc.aws_subnet.outpost",
            "module.vpc.aws_subnet.private",
            "module.vpc.aws_subnet.public",
            "module.vpc.aws_subnet.redshift",
            "module.vpc.aws_vpc.this",
            "module.vpc.aws_vpc_dhcp_options.this",
            "module.vpc.aws_vpc_dhcp_options_association.this",
            "module.vpc.aws_vpc_ipv4_cidr_block_association.this",
            "module.vpc.aws_vpn_gateway.this",
            "module.vpc.aws_vpn_gateway_attachment.this",
            "module.vpc.aws_vpn_gateway_route_propagation.intra",
            "module.vpc.aws_vpn_gateway_route_propagation.private",
            "module.vpc.aws_vpn_gateway_route_propagation.public",
            "module.vpc.data.aws_iam_policy_document.flow_log_cloudwatch_assume_role",
            "module.vpc.data.aws_iam_policy_document.vpc_flow_log_cloudwatch"
          ]
        }
      ]
    },
    {
      "mode": "managed",
      "type": "aws_instance",
      "name": "linux_host",
      "provider": "provider[\"registry.terraform.io/hashicorp/aws\"]",
      "instances": [
        {
          "schema_version": 1,
          "attributes": {
            "ami": "ami-09d56f8956ab235b3",
            "arn": "arn:aws:ec2:us-east-1:230188408900:instance/i-099e2d5889566c10c",
            "associate_public_ip_address": false,
            "availability_zone": "us-east-1a",
            "capacity_reservation_specification": [
              {
                "capacity_reservation_preference": "open",
                "capacity_reservation_target": []
              }
            ],
            "cpu_core_count": 1,
            "cpu_threads_per_core": 1,
            "credit_specification": [
              {
                "cpu_credits": "standard"
              }
            ],
            "disable_api_stop": false,
            "disable_api_termination": false,
            "ebs_block_device": [],
            "ebs_optimized": false,
            "enclave_options": [
              {
                "enabled": false
              }
            ],
            "ephemeral_block_device": [],
            "get_password_data": false,
            "hibernation": false,
            "host_id": null,
            "iam_instance_profile": "",
            "id": "i-099e2d5889566c10c",
            "instance_initiated_shutdown_behavior": "stop",
            "instance_state": "running",
            "instance_type": "t2.small",
            "ipv6_address_count": 0,
            "ipv6_addresses": [],
            "key_name": "caldera-nodes",
            "launch_template": [],
            "maintenance_options": [
              {
                "auto_recovery": "default"
              }
            ],
            "metadata_options": [
              {
                "http_endpoint": "enabled",
                "http_put_response_hop_limit": 1,
                "http_tokens": "optional",
                "instance_metadata_tags": "disabled"
              }
            ],
            "monitoring": false,
            "network_interface": [],
            "outpost_arn": "",
            "password_data": "",
            "placement_group": "",
            "placement_partition_number": null,
            "primary_network_interface_id": "eni-03a3364003d34fee7",
            "private_dns": "ip-172-23-0-191.ec2.internal",
            "private_dns_name_options": [
              {
                "enable_resource_name_dns_a_record": false,
                "enable_resource_name_dns_aaaa_record": false,
                "hostname_type": "ip-name"
              }
            ],
            "private_ip": "172.23.0.191",
            "public_dns": "",
            "public_ip": "",
            "root_block_device": [
              {
                "delete_on_termination": true,
                "device_name": "/dev/sda1",
                "encrypted": false,
                "iops": 100,
                "kms_key_id": "",
                "tags": {},
                "throughput": 0,
                "volume_id": "vol-0b48f832d3cc15fb8",
                "volume_size": 8,
                "volume_type": "gp2"
              }
            ],
            "secondary_private_ips": [],
            "security_groups": [],
            "source_dest_check": true,
            "subnet_id": "subnet-0ac1df101ed6879f3",
            "tags": {
              "Name": "linux_host",
              "environment": "caldera-test"
            },
            "tags_all": {
              "Name": "linux_host",
              "environment": "caldera-test"
            },
            "tenancy": "default",
            "timeouts": null,
            "user_data": null,
            "user_data_base64": null,
            "user_data_replace_on_change": false,
            "volume_tags": null,
            "vpc_security_group_ids": [
              "sg-004f11e65be70aa89"
            ]
          },
          "sensitive_attributes": [],
          "private": "eyJlMmJmYjczMC1lY2FhLTExZTYtOGY4OC0zNDM2M2JjN2M0YzAiOnsiY3JlYXRlIjo2MDAwMDAwMDAwMDAsImRlbGV0ZSI6MTIwMDAwMDAwMDAwMCwidXBkYXRlIjo2MDAwMDAwMDAwMDB9LCJzY2hlbWFfdmVyc2lvbiI6IjEifQ==",
          "dependencies": [
            "aws_instance.caldera_server",
            "aws_security_group.sg_caldera_linux",
            "module.aws_rsa_key.aws_key_pair.worker",
            "module.aws_rsa_key.local_file.ssh_local",
            "module.aws_rsa_key.tls_private_key.ssh_key",
            "module.vpc.aws_cloudwatch_log_group.flow_log",
            "module.vpc.aws_customer_gateway.this",
            "module.vpc.aws_db_subnet_group.database",
            "module.vpc.aws_default_network_acl.this",
            "module.vpc.aws_default_route_table.default",
            "module.vpc.aws_default_security_group.this",
            "module.vpc.aws_default_vpc.this",
            "module.vpc.aws_egress_only_internet_gateway.this",
            "module.vpc.aws_eip.nat",
            "module.vpc.aws_elasticache_subnet_group.elasticache",
            "module.vpc.aws_flow_log.this",
            "module.vpc.aws_iam_policy.vpc_flow_log_cloudwatch",
            "module.vpc.aws_iam_role.vpc_flow_log_cloudwatch",
            "module.vpc.aws_iam_role_policy_attachment.vpc_flow_log_cloudwatch",
            "module.vpc.aws_internet_gateway.this",
            "module.vpc.aws_nat_gateway.this",
            "module.vpc.aws_network_acl.database",
            "module.vpc.aws_network_acl.elasticache",
            "module.vpc.aws_network_acl.intra",
            "module.vpc.aws_network_acl.outpost",
            "module.vpc.aws_network_acl.private",
            "module.vpc.aws_network_acl.public",
            "module.vpc.aws_network_acl.redshift",
            "module.vpc.aws_network_acl_rule.database_inbound",
            "module.vpc.aws_network_acl_rule.database_outbound",
            "module.vpc.aws_network_acl_rule.elasticache_inbound",
            "module.vpc.aws_network_acl_rule.elasticache_outbound",
            "module.vpc.aws_network_acl_rule.intra_inbound",
            "module.vpc.aws_network_acl_rule.intra_outbound",
            "module.vpc.aws_network_acl_rule.outpost_inbound",
            "module.vpc.aws_network_acl_rule.outpost_outbound",
            "module.vpc.aws_network_acl_rule.private_inbound",
            "module.vpc.aws_network_acl_rule.private_outbound",
            "module.vpc.aws_network_acl_rule.public_inbound",
            "module.vpc.aws_network_acl_rule.public_outbound",
            "module.vpc.aws_network_acl_rule.redshift_inbound",
            "module.vpc.aws_network_acl_rule.redshift_outbound",
            "module.vpc.aws_redshift_subnet_group.redshift",
            "module.vpc.aws_route.database_internet_gateway",
            "module.vpc.aws_route.database_ipv6_egress",
            "module.vpc.aws_route.database_nat_gateway",
            "module.vpc.aws_route.private_ipv6_egress",
            "module.vpc.aws_route.private_nat_gateway",
            "module.vpc.aws_route.public_internet_gateway",
            "module.vpc.aws_route.public_internet_gateway_ipv6",
            "module.vpc.aws_route_table.database",
            "module.vpc.aws_route_table.elasticache",
            "module.vpc.aws_route_table.intra",
            "module.vpc.aws_route_table.private",
            "module.vpc.aws_route_table.public",
            "module.vpc.aws_route_table.redshift",
            "module.vpc.aws_route_table_association.database",
            "module.vpc.aws_route_table_association.elasticache",
            "module.vpc.aws_route_table_association.intra",
            "module.vpc.aws_route_table_association.outpost",
            "module.vpc.aws_route_table_association.private",
            "module.vpc.aws_route_table_association.public",
            "module.vpc.aws_route_table_association.redshift",
            "module.vpc.aws_route_table_association.redshift_public",
            "module.vpc.aws_subnet.database",
            "module.vpc.aws_subnet.elasticache",
            "module.vpc.aws_subnet.intra",
            "module.vpc.aws_subnet.outpost",
            "module.vpc.aws_subnet.private",
            "module.vpc.aws_subnet.public",
            "module.vpc.aws_subnet.redshift",
            "module.vpc.aws_vpc.this",
            "module.vpc.aws_vpc_dhcp_options.this",
            "module.vpc.aws_vpc_dhcp_options_association.this",
            "module.vpc.aws_vpc_ipv4_cidr_block_association.this",
            "module.vpc.aws_vpn_gateway.this",
            "module.vpc.aws_vpn_gateway_attachment.this",
            "module.vpc.aws_vpn_gateway_route_propagation.intra",
            "module.vpc.aws_vpn_gateway_route_propagation.private",
            "module.vpc.aws_vpn_gateway_route_propagation.public",
            "module.vpc.data.aws_iam_policy_document.flow_log_cloudwatch_assume_role",
            "module.vpc.data.aws_iam_policy_document.vpc_flow_log_cloudwatch"
          ]
        }
      ]
    },
    {
      "mode": "managed",
      "type": "aws_instance",
      "name": "windows_host",
      "provider": "provider[\"registry.terraform.io/hashicorp/aws\"]",
      "instances": [
        {
          "schema_version": 1,
          "attributes": {
            "ami": "ami-0193dcf9aa4f5654e",
            "arn": "arn:aws:ec2:us-east-1:230188408900:instance/i-0f5ea68692fb4b1db",
            "associate_public_ip_address": true,
            "availability_zone": "us-east-1a",
            "capacity_reservation_specification": [
              {
                "capacity_reservation_preference": "open",
                "capacity_reservation_target": []
              }
            ],
            "cpu_core_count": 1,
            "cpu_threads_per_core": 2,
            "credit_specification": [
              {
                "cpu_credits": "unlimited"
              }
            ],
            "disable_api_stop": false,
            "disable_api_termination": false,
            "ebs_block_device": [],
            "ebs_optimized": false,
            "enclave_options": [
              {
                "enabled": false
              }
            ],
            "ephemeral_block_device": [],
            "get_password_data": false,
            "hibernation": false,
            "host_id": null,
            "iam_instance_profile": "",
            "id": "i-0f5ea68692fb4b1db",
            "instance_initiated_shutdown_behavior": "stop",
            "instance_state": "running",
            "instance_type": "t3.medium",
            "ipv6_address_count": 0,
            "ipv6_addresses": [],
            "key_name": "caldera-nodes",
            "launch_template": [],
            "maintenance_options": [
              {
                "auto_recovery": "default"
              }
            ],
            "metadata_options": [
              {
                "http_endpoint": "enabled",
                "http_put_response_hop_limit": 1,
                "http_tokens": "optional",
                "instance_metadata_tags": "disabled"
              }
            ],
            "monitoring": false,
            "network_interface": [],
            "outpost_arn": "",
            "password_data": "",
            "placement_group": "",
            "placement_partition_number": null,
            "primary_network_interface_id": "eni-03ac1a1b67cc9bd89",
            "private_dns": "ip-172-23-4-63.ec2.internal",
            "private_dns_name_options": [
              {
                "enable_resource_name_dns_a_record": false,
                "enable_resource_name_dns_aaaa_record": false,
                "hostname_type": "ip-name"
              }
            ],
            "private_ip": "172.23.4.63",
            "public_dns": "ec2-3-84-253-161.compute-1.amazonaws.com",
            "public_ip": "3.84.253.161",
            "root_block_device": [
              {
                "delete_on_termination": true,
                "device_name": "/dev/sda1",
                "encrypted": false,
                "iops": 100,
                "kms_key_id": "",
                "tags": {},
                "throughput": 0,
                "volume_id": "vol-0de0e98801f8f201e",
                "volume_size": 30,
                "volume_type": "gp2"
              }
            ],
            "secondary_private_ips": [],
            "security_groups": [],
            "source_dest_check": true,
            "subnet_id": "subnet-0408820586ec7fddb",
            "tags": {
              "Name": "windows_host",
              "environment": "caldera-test"
            },
            "tags_all": {
              "Name": "windows_host",
              "environment": "caldera-test"
            },
            "tenancy": "default",
            "timeouts": null,
            "user_data": "fdf71b3ecd056bac9fc1e159853d4219097c69cc",
            "user_data_base64": null,
            "user_data_replace_on_change": false,
            "volume_tags": null,
            "vpc_security_group_ids": [
              "sg-03e6cde9684e3f773"
            ]
          },
          "sensitive_attributes": [],
          "private": "eyJlMmJmYjczMC1lY2FhLTExZTYtOGY4OC0zNDM2M2JjN2M0YzAiOnsiY3JlYXRlIjo2MDAwMDAwMDAwMDAsImRlbGV0ZSI6MTIwMDAwMDAwMDAwMCwidXBkYXRlIjo2MDAwMDAwMDAwMDB9LCJzY2hlbWFfdmVyc2lvbiI6IjEifQ==",
          "dependencies": [
            "aws_instance.caldera_server",
            "aws_security_group.sg_caldera_windows",
            "module.aws_rsa_key.aws_key_pair.worker",
            "module.aws_rsa_key.local_file.ssh_local",
            "module.aws_rsa_key.tls_private_key.ssh_key",
            "module.vpc.aws_cloudwatch_log_group.flow_log",
            "module.vpc.aws_customer_gateway.this",
            "module.vpc.aws_db_subnet_group.database",
            "module.vpc.aws_default_network_acl.this",
            "module.vpc.aws_default_route_table.default",
            "module.vpc.aws_default_security_group.this",
            "module.vpc.aws_default_vpc.this",
            "module.vpc.aws_egress_only_internet_gateway.this",
            "module.vpc.aws_eip.nat",
            "module.vpc.aws_elasticache_subnet_group.elasticache",
            "module.vpc.aws_flow_log.this",
            "module.vpc.aws_iam_policy.vpc_flow_log_cloudwatch",
            "module.vpc.aws_iam_role.vpc_flow_log_cloudwatch",
            "module.vpc.aws_iam_role_policy_attachment.vpc_flow_log_cloudwatch",
            "module.vpc.aws_internet_gateway.this",
            "module.vpc.aws_nat_gateway.this",
            "module.vpc.aws_network_acl.database",
            "module.vpc.aws_network_acl.elasticache",
            "module.vpc.aws_network_acl.intra",
            "module.vpc.aws_network_acl.outpost",
            "module.vpc.aws_network_acl.private",
            "module.vpc.aws_network_acl.public",
            "module.vpc.aws_network_acl.redshift",
            "module.vpc.aws_network_acl_rule.database_inbound",
            "module.vpc.aws_network_acl_rule.database_outbound",
            "module.vpc.aws_network_acl_rule.elasticache_inbound",
            "module.vpc.aws_network_acl_rule.elasticache_outbound",
            "module.vpc.aws_network_acl_rule.intra_inbound",
            "module.vpc.aws_network_acl_rule.intra_outbound",
            "module.vpc.aws_network_acl_rule.outpost_inbound",
            "module.vpc.aws_network_acl_rule.outpost_outbound",
            "module.vpc.aws_network_acl_rule.private_inbound",
            "module.vpc.aws_network_acl_rule.private_outbound",
            "module.vpc.aws_network_acl_rule.public_inbound",
            "module.vpc.aws_network_acl_rule.public_outbound",
            "module.vpc.aws_network_acl_rule.redshift_inbound",
            "module.vpc.aws_network_acl_rule.redshift_outbound",
            "module.vpc.aws_redshift_subnet_group.redshift",
            "module.vpc.aws_route.database_internet_gateway",
            "module.vpc.aws_route.database_ipv6_egress",
            "module.vpc.aws_route.database_nat_gateway",
            "module.vpc.aws_route.private_ipv6_egress",
            "module.vpc.aws_route.private_nat_gateway",
            "module.vpc.aws_route.public_internet_gateway",
            "module.vpc.aws_route.public_internet_gateway_ipv6",
            "module.vpc.aws_route_table.database",
            "module.vpc.aws_route_table.elasticache",
            "module.vpc.aws_route_table.intra",
            "module.vpc.aws_route_table.private",
            "module.vpc.aws_route_table.public",
            "module.vpc.aws_route_table.redshift",
            "module.vpc.aws_route_table_association.database",
            "module.vpc.aws_route_table_association.elasticache",
            "module.vpc.aws_route_table_association.intra",
            "module.vpc.aws_route_table_association.outpost",
            "module.vpc.aws_route_table_association.private",
            "module.vpc.aws_route_table_association.public",
            "module.vpc.aws_route_table_association.redshift",
            "module.vpc.aws_route_table_association.redshift_public",
            "module.vpc.aws_subnet.database",
            "module.vpc.aws_subnet.elasticache",
            "module.vpc.aws_subnet.intra",
            "module.vpc.aws_subnet.outpost",
            "module.vpc.aws_subnet.private",
            "module.vpc.aws_subnet.public",
            "module.vpc.aws_subnet.redshift",
            "module.vpc.aws_vpc.this",
            "module.vpc.aws_vpc_dhcp_options.this",
            "module.vpc.aws_vpc_dhcp_options_association.this",
            "module.vpc.aws_vpc_ipv4_cidr_block_association.this",
            "module.vpc.aws_vpn_gateway.this",
            "module.vpc.aws_vpn_gateway_attachment.this",
            "module.vpc.aws_vpn_gateway_route_propagation.intra",
            "module.vpc.aws_vpn_gateway_route_propagation.private",
            "module.vpc.aws_vpn_gateway_route_propagation.public",
            "module.vpc.data.aws_iam_policy_document.flow_log_cloudwatch_assume_role",
            "module.vpc.data.aws_iam_policy_document.vpc_flow_log_cloudwatch"
          ]
        }
      ]
    },
    {
      "mode": "managed",
      "type": "aws_security_group",
      "name": "sg_caldera_linux",
      "provider": "provider[\"registry.terraform.io/hashicorp/aws\"]",
      "instances": [
        {
          "schema_version": 1,
          "attributes": {
            "arn": "arn:aws:ec2:us-east-1:230188408900:security-group/sg-004f11e65be70aa89",
            "description": "Allow ssh access for linux host",
            "egress": [
              {
                "cidr_blocks": [
                  "0.0.0.0/0"
                ],
                "description": "",
                "from_port": 0,
                "ipv6_cidr_blocks": [],
                "prefix_list_ids": [],
                "protocol": "-1",
                "security_groups": [],
                "self": false,
                "to_port": 0
              }
            ],
            "id": "sg-004f11e65be70aa89",
            "ingress": [
              {
                "cidr_blocks": [
                  "172.23.0.0/16"
                ],
                "description": "SSH port",
                "from_port": 22,
                "ipv6_cidr_blocks": [],
                "prefix_list_ids": [],
                "protocol": "tcp",
                "security_groups": [],
                "self": false,
                "to_port": 22
              }
            ],
            "name": "sg_caldera_linux",
            "name_prefix": "",
            "owner_id": "230188408900",
            "revoke_rules_on_delete": false,
            "tags": {
              "environment": "caldera-test"
            },
            "tags_all": {
              "environment": "caldera-test"
            },
            "timeouts": null,
            "vpc_id": "vpc-093b6aa7fa7e8f16f"
          },
          "sensitive_attributes": [],
          "private": "eyJlMmJmYjczMC1lY2FhLTExZTYtOGY4OC0zNDM2M2JjN2M0YzAiOnsiY3JlYXRlIjo2MDAwMDAwMDAwMDAsImRlbGV0ZSI6OTAwMDAwMDAwMDAwfSwic2NoZW1hX3ZlcnNpb24iOiIxIn0=",
          "dependencies": [
            "module.vpc.aws_vpc.this"
          ]
        }
      ]
    },
    {
      "mode": "managed",
      "type": "aws_security_group",
      "name": "sg_caldera_server",
      "provider": "provider[\"registry.terraform.io/hashicorp/aws\"]",
      "instances": [
        {
          "schema_version": 1,
          "attributes": {
            "arn": "arn:aws:ec2:us-east-1:230188408900:security-group/sg-0c1f364533de74700",
            "description": "Allow ports for caldera server",
            "egress": [
              {
                "cidr_blocks": [
                  "0.0.0.0/0"
                ],
                "description": "",
                "from_port": 0,
                "ipv6_cidr_blocks": [],
                "prefix_list_ids": [],
                "protocol": "-1",
                "security_groups": [],
                "self": false,
                "to_port": 0
              }
            ],
            "id": "sg-0c1f364533de74700",
            "ingress": [
              {
                "cidr_blocks": [
                  "0.0.0.0/0"
                ],
                "description": "Caldera server port",
                "from_port": 2288,
                "ipv6_cidr_blocks": [],
                "prefix_list_ids": [],
                "protocol": "tcp",
                "security_groups": [],
                "self": false,
                "to_port": 2288
              },
              {
                "cidr_blocks": [
                  "0.0.0.0/0"
                ],
                "description": "SSH from VPC",
                "from_port": 22,
                "ipv6_cidr_blocks": [],
                "prefix_list_ids": [],
                "protocol": "tcp",
                "security_groups": [],
                "self": false,
                "to_port": 22
              }
            ],
            "name": "sg_caldera_server",
            "name_prefix": "",
            "owner_id": "230188408900",
            "revoke_rules_on_delete": false,
            "tags": {
              "environment": "caldera-test"
            },
            "tags_all": {
              "environment": "caldera-test"
            },
            "timeouts": null,
            "vpc_id": "vpc-093b6aa7fa7e8f16f"
          },
          "sensitive_attributes": [],
          "private": "eyJlMmJmYjczMC1lY2FhLTExZTYtOGY4OC0zNDM2M2JjN2M0YzAiOnsiY3JlYXRlIjo2MDAwMDAwMDAwMDAsImRlbGV0ZSI6OTAwMDAwMDAwMDAwfSwic2NoZW1hX3ZlcnNpb24iOiIxIn0=",
          "dependencies": [
            "module.vpc.aws_vpc.this"
          ]
        }
      ]
    },
    {
      "mode": "managed",
      "type": "aws_security_group",
      "name": "sg_caldera_windows",
      "provider": "provider[\"registry.terraform.io/hashicorp/aws\"]",
      "instances": [
        {
          "schema_version": 1,
          "attributes": {
            "arn": "arn:aws:ec2:us-east-1:230188408900:security-group/sg-03e6cde9684e3f773",
            "description": "Allow RDP for windows host",
            "egress": [
              {
                "cidr_blocks": [
                  "0.0.0.0/0"
                ],
                "description": "",
                "from_port": 0,
                "ipv6_cidr_blocks": [],
                "prefix_list_ids": [],
                "protocol": "-1",
                "security_groups": [],
                "self": false,
                "to_port": 0
              }
            ],
            "id": "sg-03e6cde9684e3f773",
            "ingress": [
              {
                "cidr_blocks": [
                  "0.0.0.0/0"
                ],
                "description": "RDP port",
                "from_port": 3389,
                "ipv6_cidr_blocks": [],
                "prefix_list_ids": [],
                "protocol": "tcp",
                "security_groups": [],
                "self": false,
                "to_port": 3389
              }
            ],
            "name": "sg_caldera_windows",
            "name_prefix": "",
            "owner_id": "230188408900",
            "revoke_rules_on_delete": false,
            "tags": {
              "environment": "caldera-test"
            },
            "tags_all": {
              "environment": "caldera-test"
            },
            "timeouts": null,
            "vpc_id": "vpc-093b6aa7fa7e8f16f"
          },
          "sensitive_attributes": [],
          "private": "eyJlMmJmYjczMC1lY2FhLTExZTYtOGY4OC0zNDM2M2JjN2M0YzAiOnsiY3JlYXRlIjo2MDAwMDAwMDAwMDAsImRlbGV0ZSI6OTAwMDAwMDAwMDAwfSwic2NoZW1hX3ZlcnNpb24iOiIxIn0=",
          "dependencies": [
            "module.vpc.aws_vpc.this"
          ]
        }
      ]
    },
    {
      "module": "module.aws_rsa_key",
      "mode": "managed",
      "type": "aws_key_pair",
      "name": "worker",
      "provider": "provider[\"registry.terraform.io/hashicorp/aws\"]",
      "instances": [
        {
          "schema_version": 1,
          "attributes": {
            "arn": "arn:aws:ec2:us-east-1:230188408900:key-pair/caldera-nodes",
            "fingerprint": "e0:99:60:46:24:7b:af:f0:b1:17:d1:f3:14:72:68:e4",
            "id": "caldera-nodes",
            "key_name": "caldera-nodes",
            "key_name_prefix": "",
            "key_pair_id": "key-04aac4ca2364d25e7",
            "key_type": "rsa",
            "public_key": "ssh-rsa AAAAB3NzaC1yc2EAAAADAQABAAACAQCqPd06IMYxHTyDl8rOktqXXsNm8aW/Dzz7kBTCYU2ix/Lu7h6PZUmK/q6szPVYpr1EEuBZq+kErOhh5dogdEg567cAao8oYG9h+Wh+qSo+FBErj6X+lRS7KgoDV3YddMqiF9cqMRt+X14nsaNaOG3eOWQrp3olqNMdxAby6ZcinbsBALOU1rHq8JM78U1Uie4x+5rcr0w5IjHVZhKSn+BAoiCgoo+K0a6WythWKDTyQentFv6fc8J6sg8tuJlxo8subE8RH4irUnpxqgQApcEtIYkxtUyw6APeI86VErG8EdyNkfUQ0R+wvc9HstgexnlntPiA0FvbSfLOV1Z91FJgA/HQ/CXS3CmMj2SgNBvVfcVnJlv8YcC1Ba8hi2T+mEL2iKiex6dPUXIIOKaX+72Izo9Xgurf78Wb1SW21gR/NYP64nruwjChMHgPZAMk5kppxRYAbnUWHjPg09iPcuZdAtQIbtEYFc76FgCtXMZa5DlJkFiSwdx+LQQQQHu8yMWD/PHE3yWMJYvJr00V2/K6O5YyQ4yo9ri01o9C10Fop602c60phgYmQOFMp6j8so7Zkriub2caQoz2dWbor/kmaRfuXmYnU4TLAXw4K2f1WVwdSmAqKZ8+/LjlKGHbuiviy5+d+ak0XZxyn6f0JRGbEA0eRgqxQ3OWzZbhVmIXDQ==",
            "tags": {},
            "tags_all": {}
          },
          "sensitive_attributes": [],
          "private": "eyJzY2hlbWFfdmVyc2lvbiI6IjEifQ==",
          "dependencies": [
            "module.aws_rsa_key.tls_private_key.ssh_key",
            "module.vpc.aws_cloudwatch_log_group.flow_log",
            "module.vpc.aws_customer_gateway.this",
            "module.vpc.aws_db_subnet_group.database",
            "module.vpc.aws_default_network_acl.this",
            "module.vpc.aws_default_route_table.default",
            "module.vpc.aws_default_security_group.this",
            "module.vpc.aws_default_vpc.this",
            "module.vpc.aws_egress_only_internet_gateway.this",
            "module.vpc.aws_eip.nat",
            "module.vpc.aws_elasticache_subnet_group.elasticache",
            "module.vpc.aws_flow_log.this",
            "module.vpc.aws_iam_policy.vpc_flow_log_cloudwatch",
            "module.vpc.aws_iam_role.vpc_flow_log_cloudwatch",
            "module.vpc.aws_iam_role_policy_attachment.vpc_flow_log_cloudwatch",
            "module.vpc.aws_internet_gateway.this",
            "module.vpc.aws_nat_gateway.this",
            "module.vpc.aws_network_acl.database",
            "module.vpc.aws_network_acl.elasticache",
            "module.vpc.aws_network_acl.intra",
            "module.vpc.aws_network_acl.outpost",
            "module.vpc.aws_network_acl.private",
            "module.vpc.aws_network_acl.public",
            "module.vpc.aws_network_acl.redshift",
            "module.vpc.aws_network_acl_rule.database_inbound",
            "module.vpc.aws_network_acl_rule.database_outbound",
            "module.vpc.aws_network_acl_rule.elasticache_inbound",
            "module.vpc.aws_network_acl_rule.elasticache_outbound",
            "module.vpc.aws_network_acl_rule.intra_inbound",
            "module.vpc.aws_network_acl_rule.intra_outbound",
            "module.vpc.aws_network_acl_rule.outpost_inbound",
            "module.vpc.aws_network_acl_rule.outpost_outbound",
            "module.vpc.aws_network_acl_rule.private_inbound",
            "module.vpc.aws_network_acl_rule.private_outbound",
            "module.vpc.aws_network_acl_rule.public_inbound",
            "module.vpc.aws_network_acl_rule.public_outbound",
            "module.vpc.aws_network_acl_rule.redshift_inbound",
            "module.vpc.aws_network_acl_rule.redshift_outbound",
            "module.vpc.aws_redshift_subnet_group.redshift",
            "module.vpc.aws_route.database_internet_gateway",
            "module.vpc.aws_route.database_ipv6_egress",
            "module.vpc.aws_route.database_nat_gateway",
            "module.vpc.aws_route.private_ipv6_egress",
            "module.vpc.aws_route.private_nat_gateway",
            "module.vpc.aws_route.public_internet_gateway",
            "module.vpc.aws_route.public_internet_gateway_ipv6",
            "module.vpc.aws_route_table.database",
            "module.vpc.aws_route_table.elasticache",
            "module.vpc.aws_route_table.intra",
            "module.vpc.aws_route_table.private",
            "module.vpc.aws_route_table.public",
            "module.vpc.aws_route_table.redshift",
            "module.vpc.aws_route_table_association.database",
            "module.vpc.aws_route_table_association.elasticache",
            "module.vpc.aws_route_table_association.intra",
            "module.vpc.aws_route_table_association.outpost",
            "module.vpc.aws_route_table_association.private",
            "module.vpc.aws_route_table_association.public",
            "module.vpc.aws_route_table_association.redshift",
            "module.vpc.aws_route_table_association.redshift_public",
            "module.vpc.aws_subnet.database",
            "module.vpc.aws_subnet.elasticache",
            "module.vpc.aws_subnet.intra",
            "module.vpc.aws_subnet.outpost",
            "module.vpc.aws_subnet.private",
            "module.vpc.aws_subnet.public",
            "module.vpc.aws_subnet.redshift",
            "module.vpc.aws_vpc.this",
            "module.vpc.aws_vpc_dhcp_options.this",
            "module.vpc.aws_vpc_dhcp_options_association.this",
            "module.vpc.aws_vpc_ipv4_cidr_block_association.this",
            "module.vpc.aws_vpn_gateway.this",
            "module.vpc.aws_vpn_gateway_attachment.this",
            "module.vpc.aws_vpn_gateway_route_propagation.intra",
            "module.vpc.aws_vpn_gateway_route_propagation.private",
            "module.vpc.aws_vpn_gateway_route_propagation.public",
            "module.vpc.data.aws_iam_policy_document.flow_log_cloudwatch_assume_role",
            "module.vpc.data.aws_iam_policy_document.vpc_flow_log_cloudwatch"
          ]
        }
      ]
    },
    {
      "module": "module.aws_rsa_key",
      "mode": "managed",
      "type": "tls_private_key",
      "name": "ssh_key",
      "provider": "provider[\"registry.terraform.io/hashicorp/tls\"]",
      "instances": [
        {
          "schema_version": 1,
          "attributes": {
            "algorithm": "RSA",
            "ecdsa_curve": "P224",
            "id": "4c932e0ab95ace1106ef23999ce475c8df888712",
            "private_key_openssh": "-----BEGIN OPENSSH PRIVATE KEY-----\nb3BlbnNzaC1rZXktdjEAAAAABG5vbmUAAAAEbm9uZQAAAAAAAAABAAACFwAAAAdz\nc2gtcnNhAAAAAwEAAQAAAgEAqj3dOiDGMR08g5fKzpLal17DZvGlvw88+5AUwmFN\nosfy7u4ej2VJiv6urMz1WKa9RBLgWavpBKzoYeXaIHRIOeu3AGqPKGBvYflofqkq\nPhQRK4+l/pUUuyoKA1d2HXTKohfXKjEbfl9eJ7GjWjht3jlkK6d6JajTHcQG8umX\nIp27AQCzlNax6vCTO/FNVInuMfua3K9MOSIx1WYSkp/gQKIgoKKPitGulsrYVig0\n8kHp7Rb+n3PCerIPLbiZcaPLLmxPER+Iq1J6caoEAKXBLSGJMbVMsOgD3iPOlRKx\nvBHcjZH1ENEfsL3PR7LYHsZ5Z7T4gNBb20nyzldWfdRSYAPx0Pwl0twpjI9koDQb\n1X3FZyZb/GHAtQWvIYtk/phC9oionsenT1FyCDiml/u9iM6PV4Lq3+/Fm9UlttYE\nfzWD+uJ67sIwoTB4D2QDJOZKacUWAG51Fh4z4NPYj3LmXQLUCG7RGBXO+hYArVzG\nWuQ5SZBYksHcfi0EEEB7vMjFg/zxxN8ljCWLya9NFdvyujuWMkOMqPa4tNaPQtdB\naKetNnOtKYYGJkDhTKeo/LKO2ZK4rm9nGkKM9nVm6K/5JmkX7l5mJ1OEywF8OCtn\n9VlcHUpgKimfPvy45Shh27or4sufnfmpNF2ccp+n9CURmxANHkYKsUNzls2W4VZi\nFw0AAAc4acpfhGnKX4QAAAAHc3NoLXJzYQAAAgEAqj3dOiDGMR08g5fKzpLal17D\nZvGlvw88+5AUwmFNosfy7u4ej2VJiv6urMz1WKa9RBLgWavpBKzoYeXaIHRIOeu3\nAGqPKGBvYflofqkqPhQRK4+l/pUUuyoKA1d2HXTKohfXKjEbfl9eJ7GjWjht3jlk\nK6d6JajTHcQG8umXIp27AQCzlNax6vCTO/FNVInuMfua3K9MOSIx1WYSkp/gQKIg\noKKPitGulsrYVig08kHp7Rb+n3PCerIPLbiZcaPLLmxPER+Iq1J6caoEAKXBLSGJ\nMbVMsOgD3iPOlRKxvBHcjZH1ENEfsL3PR7LYHsZ5Z7T4gNBb20nyzldWfdRSYAPx\n0Pwl0twpjI9koDQb1X3FZyZb/GHAtQWvIYtk/phC9oionsenT1FyCDiml/u9iM6P\nV4Lq3+/Fm9UlttYEfzWD+uJ67sIwoTB4D2QDJOZKacUWAG51Fh4z4NPYj3LmXQLU\nCG7RGBXO+hYArVzGWuQ5SZBYksHcfi0EEEB7vMjFg/zxxN8ljCWLya9NFdvyujuW\nMkOMqPa4tNaPQtdBaKetNnOtKYYGJkDhTKeo/LKO2ZK4rm9nGkKM9nVm6K/5JmkX\n7l5mJ1OEywF8OCtn9VlcHUpgKimfPvy45Shh27or4sufnfmpNF2ccp+n9CURmxAN\nHkYKsUNzls2W4VZiFw0AAAADAQABAAACAQCanz3DgekAytEfpEprfS5UtZk8ctZb\nxfdZdO+l7MKayoh3Qoc3LoOxXsg/4pgkQK0+mvZx+5XUzUbzQ9TuDS9cjB7WnfIQ\ndiY0Elc6U2MupwNBUWMu6zC9Hd2iU1nQPzecKZMfmyKhkPTvkIQReZcwc2frzl0+\nvyugqV62WjsPEbu7mWuCD83g2Uig9PWLhwt1ElUBg6Xzbn9clyzfR55ild6Uh5Fg\nQDoWc34yIqqULhHNaUkyge1tizQGDtgvQtlT/MODheSX1n2npwejnujpmMAHCefx\n9Yktxc/nzeboLkDnxF2VPJtP59XQBTwOF65E5zWdqaEEdxG1H9ZKywFU/9OE6r2V\nOf8R5ulxjhdiVW1pt3JG8OS/qpgNJuXPdylOCAra2UL2hsB9J8KQFiykmevcKcXW\nf9GgSxnl+h7xMrgxSKJLLaYuKB+mIoLHvQH5Cvh+S7KCRmGqzmvaQpdQUAYn6KtK\nwv7a7qV/LbvqAlFc7kw3edo+UDdFI/dsk1fTDeOCs4HaFoDQ3dJVOkXxjxG/yAzG\nlpK/2xkfGrZQiqrpmu2dBsdq6ukXQSmfDjRvFfR0f2q5Qdt1O4iMuzYmkqQOYfK0\n8L1ERj/DuiATfMxfX6GYxV1MmV89nJDjYVeazW73Ssq1ByMD1975LhdS6YnJXDKd\nJZjH20xf1Y1+AQAAAQBUwcn7nldHSMb0Rg+IQd81LOwB8+cWRPcrAWmq/pxyQHNM\nKu0D7t//4Y7ZYWsUB0q/opucpaGSmGTkYwuDPHmv0Uf50Z67QWTDqUfJyYLo26uy\nqSarI5reE/a10N/W8dQMzfuat6zcbue0YJ0Sd6RPkSqAN1PvW7Gel0Sq7PCBpXTB\ngO+hqEatfKEiPILnJFfs0aA8282aL56UYuBnCPBSVvCHOZVyRMW85HhnwcQ0RhEq\nRx0X1pxAoDIfRcNx5k5wIO7leybjI/kdjPs3RpNg8q9peLDchptUEeJ6C084fSQt\ng6OjGipAofxEN7/d/u7XyNVT944F2lzoDUam1pQmAAABAQDd2VKrfMYJa5VmUCuL\nHCPClJt98qsMxwKwvqZ60k68ML4mRpdRxu/Bg8+qrbbdRIscDAjPoWO+heqw1q61\nkKQ2FG+xzbiqLs3rRNR62eQexBVuTHU4uDIA7kASSjwKoT4nX2W+LWEwzxOhZxXc\nFaXpJcI/Q2PfbJkyYMLPmya3u/eQwRxSyHjMlsDFlPEHJGc7SnpIcfym+oXBleLg\nR04ZTJ6t4iAD3OnXzmtN0PeyYAjkZE+tCOPlyA8JVOSnhtTQVf2/9795BmnE4Qhl\nH3NqIe0XWOOFslzajQu8AGWKHPaNTMMDsBcgm3dKNFerGRhoM/6xSeGsxLcKNa/v\noi2hAAABAQDEcsoen3NssRSsK7H0+yabG5rdtO61uim5dWSwHpKgmLn8rJM8Sixt\nVtnQ14664Wbzy/+7Gxqx7YMV/HyF7hHMxDezIT9QnekFut4BJ9UstM20ASf20o79\nRj3+ELA1L+WFor1/X4YLgq/73c/HCa7HLVYmz0d1e2/iRXzoXi8cbI88j4xkFrDO\nbMni8djpQ5lJ8gbDd4HSkSuHtwNKyNq2CGzyMqJ6JHsJfjf1h00rLPxvfQuH7qoN\nEFxkAvqkH2RT2QFDTTDxhOmkfu448WsVvujo07vMWAQdi1ksvEtk14cwDfzt8qWH\n5/kIipt5XdC8rZqpOZsINy9/2zf29TntAAAAAAEC\n-----END OPENSSH PRIVATE KEY-----\n",
            "private_key_pem": "-----BEGIN RSA PRIVATE KEY-----\nMIIJKQIBAAKCAgEAqj3dOiDGMR08g5fKzpLal17DZvGlvw88+5AUwmFNosfy7u4e\nj2VJiv6urMz1WKa9RBLgWavpBKzoYeXaIHRIOeu3AGqPKGBvYflofqkqPhQRK4+l\n/pUUuyoKA1d2HXTKohfXKjEbfl9eJ7GjWjht3jlkK6d6JajTHcQG8umXIp27AQCz\nlNax6vCTO/FNVInuMfua3K9MOSIx1WYSkp/gQKIgoKKPitGulsrYVig08kHp7Rb+\nn3PCerIPLbiZcaPLLmxPER+Iq1J6caoEAKXBLSGJMbVMsOgD3iPOlRKxvBHcjZH1\nENEfsL3PR7LYHsZ5Z7T4gNBb20nyzldWfdRSYAPx0Pwl0twpjI9koDQb1X3FZyZb\n/GHAtQWvIYtk/phC9oionsenT1FyCDiml/u9iM6PV4Lq3+/Fm9UlttYEfzWD+uJ6\n7sIwoTB4D2QDJOZKacUWAG51Fh4z4NPYj3LmXQLUCG7RGBXO+hYArVzGWuQ5SZBY\nksHcfi0EEEB7vMjFg/zxxN8ljCWLya9NFdvyujuWMkOMqPa4tNaPQtdBaKetNnOt\nKYYGJkDhTKeo/LKO2ZK4rm9nGkKM9nVm6K/5JmkX7l5mJ1OEywF8OCtn9VlcHUpg\nKimfPvy45Shh27or4sufnfmpNF2ccp+n9CURmxANHkYKsUNzls2W4VZiFw0CAwEA\nAQKCAgEAmp89w4HpAMrRH6RKa30uVLWZPHLWW8X3WXTvpezCmsqId0KHNy6DsV7I\nP+KYJECtPpr2cfuV1M1G80PU7g0vXIwe1p3yEHYmNBJXOlNjLqcDQVFjLuswvR3d\nolNZ0D83nCmTH5sioZD075CEEXmXMHNn685dPr8roKletlo7DxG7u5lrgg/N4NlI\noPT1i4cLdRJVAYOl825/XJcs30eeYpXelIeRYEA6FnN+MiKqlC4RzWlJMoHtbYs0\nBg7YL0LZU/zDg4Xkl9Z9p6cHo57o6ZjABwnn8fWJLcXP583m6C5A58RdlTybT+fV\n0AU8DheuROc1namhBHcRtR/WSssBVP/ThOq9lTn/EebpcY4XYlVtabdyRvDkv6qY\nDSblz3cpTggK2tlC9obAfSfCkBYspJnr3CnF1n/RoEsZ5foe8TK4MUiiSy2mLigf\npiKCx70B+Qr4fkuygkZhqs5r2kKXUFAGJ+irSsL+2u6lfy276gJRXO5MN3naPlA3\nRSP3bJNX0w3jgrOB2haA0N3SVTpF8Y8Rv8gMxpaSv9sZHxq2UIqq6ZrtnQbHaurp\nF0Epnw40bxX0dH9quUHbdTuIjLs2JpKkDmHytPC9REY/w7ogE3zMX1+hmMVdTJlf\nPZyQ42FXms1u90rKtQcjA9fe+S4XUumJyVwynSWYx9tMX9WNfgECggEBAN3ZUqt8\nxglrlWZQK4scI8KUm33yqwzHArC+pnrSTrwwviZGl1HG78GDz6qttt1EixwMCM+h\nY76F6rDWrrWQpDYUb7HNuKouzetE1HrZ5B7EFW5MdTi4MgDuQBJKPAqhPidfZb4t\nYTDPE6FnFdwVpeklwj9DY99smTJgws+bJre795DBHFLIeMyWwMWU8QckZztKekhx\n/Kb6hcGV4uBHThlMnq3iIAPc6dfOa03Q97JgCORkT60I4+XIDwlU5KeG1NBV/b/3\nv3kGacThCGUfc2oh7RdY44WyXNqNC7wAZYoc9o1MwwOwFyCbd0o0V6sZGGgz/rFJ\n4azEtwo1r++iLaECggEBAMRyyh6fc2yxFKwrsfT7Jpsbmt207rW6Kbl1ZLAekqCY\nufyskzxKLG1W2dDXjrrhZvPL/7sbGrHtgxX8fIXuEczEN7MhP1Cd6QW63gEn1Sy0\nzbQBJ/bSjv1GPf4QsDUv5YWivX9fhguCr/vdz8cJrsctVibPR3V7b+JFfOheLxxs\njzyPjGQWsM5syeLx2OlDmUnyBsN3gdKRK4e3A0rI2rYIbPIyonokewl+N/WHTSss\n/G99C4fuqg0QXGQC+qQfZFPZAUNNMPGE6aR+7jjxaxW+6OjTu8xYBB2LWSy8S2TX\nhzAN/O3ypYfn+QiKm3ld0Lytmqk5mwg3L3/bN/b1Oe0CggEAWY5ZaRC9gSAE94B1\nk3qQlQQYoQdNNaNA2sibvAkZ765dlGX6v/Bm6N+k/WmS4E/DOFdDV033TfoRe8Gu\nVW1GXO5zCHvbiBfM2KS4gb9j72eInzYOPA9fYDDNfJSrGD9vL8W69MKs8V8mtYk/\nsdCrYSr090TlFFRqo4OcIOKpBpLCpZTPMjvrR+uzdg9iHVf8tFqkcopRS7bmN/eh\n1pfyVxQvGlKmSejsHUoe1xL8au2JqWk1IMzt8tyH9WRnyZkMX+3WuZ/xk5GbMPcG\nxIuls7puU3Z2oooWIcO+cO5YDyESBohuURbMv0UDKtlmapN+3tHehwMkLvJaUazK\nkRoPAQKCAQEAqARVgmN14RyDRc4JYjH8DuVJSx4YnC0gypHxEADV/60gRU+EjigS\nX2HM4aW7WXK3DwUHMAw6hLtTRlawWgwIBU49JWPmNxkX1+K/RdW/qYDp/m6Os7fa\nvBx7oPS9AIB6mhVaZbpZdzbLNWu87csGRSwtZvwZbg2o36n27va+7FydFXrg5CnU\nBnldIlEe6EL8tBXgWwW3b1TiGi0ZD7lB9ja2l19fP4A8Cx581e5mveq37NLSLeye\nXJYFrzQtEnoW4O/U+K7okWjQO/Sj4uf4Ypzpr1iIYnlU67/nAS/6e8EqyprsHMdP\ndDGe+QMzflYS1YzVnq66PgiVA5GHCB0s8QKCAQBUwcn7nldHSMb0Rg+IQd81LOwB\n8+cWRPcrAWmq/pxyQHNMKu0D7t//4Y7ZYWsUB0q/opucpaGSmGTkYwuDPHmv0Uf5\n0Z67QWTDqUfJyYLo26uyqSarI5reE/a10N/W8dQMzfuat6zcbue0YJ0Sd6RPkSqA\nN1PvW7Gel0Sq7PCBpXTBgO+hqEatfKEiPILnJFfs0aA8282aL56UYuBnCPBSVvCH\nOZVyRMW85HhnwcQ0RhEqRx0X1pxAoDIfRcNx5k5wIO7leybjI/kdjPs3RpNg8q9p\neLDchptUEeJ6C084fSQtg6OjGipAofxEN7/d/u7XyNVT944F2lzoDUam1pQm\n-----END RSA PRIVATE KEY-----\n",
            "private_key_pem_pkcs8": "-----BEGIN PRIVATE KEY-----\nMIIJQwIBADANBgkqhkiG9w0BAQEFAASCCS0wggkpAgEAAoICAQCqPd06IMYxHTyD\nl8rOktqXXsNm8aW/Dzz7kBTCYU2ix/Lu7h6PZUmK/q6szPVYpr1EEuBZq+kErOhh\n5dogdEg567cAao8oYG9h+Wh+qSo+FBErj6X+lRS7KgoDV3YddMqiF9cqMRt+X14n\nsaNaOG3eOWQrp3olqNMdxAby6ZcinbsBALOU1rHq8JM78U1Uie4x+5rcr0w5IjHV\nZhKSn+BAoiCgoo+K0a6WythWKDTyQentFv6fc8J6sg8tuJlxo8subE8RH4irUnpx\nqgQApcEtIYkxtUyw6APeI86VErG8EdyNkfUQ0R+wvc9HstgexnlntPiA0FvbSfLO\nV1Z91FJgA/HQ/CXS3CmMj2SgNBvVfcVnJlv8YcC1Ba8hi2T+mEL2iKiex6dPUXII\nOKaX+72Izo9Xgurf78Wb1SW21gR/NYP64nruwjChMHgPZAMk5kppxRYAbnUWHjPg\n09iPcuZdAtQIbtEYFc76FgCtXMZa5DlJkFiSwdx+LQQQQHu8yMWD/PHE3yWMJYvJ\nr00V2/K6O5YyQ4yo9ri01o9C10Fop602c60phgYmQOFMp6j8so7Zkriub2caQoz2\ndWbor/kmaRfuXmYnU4TLAXw4K2f1WVwdSmAqKZ8+/LjlKGHbuiviy5+d+ak0XZxy\nn6f0JRGbEA0eRgqxQ3OWzZbhVmIXDQIDAQABAoICAQCanz3DgekAytEfpEprfS5U\ntZk8ctZbxfdZdO+l7MKayoh3Qoc3LoOxXsg/4pgkQK0+mvZx+5XUzUbzQ9TuDS9c\njB7WnfIQdiY0Elc6U2MupwNBUWMu6zC9Hd2iU1nQPzecKZMfmyKhkPTvkIQReZcw\nc2frzl0+vyugqV62WjsPEbu7mWuCD83g2Uig9PWLhwt1ElUBg6Xzbn9clyzfR55i\nld6Uh5FgQDoWc34yIqqULhHNaUkyge1tizQGDtgvQtlT/MODheSX1n2npwejnujp\nmMAHCefx9Yktxc/nzeboLkDnxF2VPJtP59XQBTwOF65E5zWdqaEEdxG1H9ZKywFU\n/9OE6r2VOf8R5ulxjhdiVW1pt3JG8OS/qpgNJuXPdylOCAra2UL2hsB9J8KQFiyk\nmevcKcXWf9GgSxnl+h7xMrgxSKJLLaYuKB+mIoLHvQH5Cvh+S7KCRmGqzmvaQpdQ\nUAYn6KtKwv7a7qV/LbvqAlFc7kw3edo+UDdFI/dsk1fTDeOCs4HaFoDQ3dJVOkXx\njxG/yAzGlpK/2xkfGrZQiqrpmu2dBsdq6ukXQSmfDjRvFfR0f2q5Qdt1O4iMuzYm\nkqQOYfK08L1ERj/DuiATfMxfX6GYxV1MmV89nJDjYVeazW73Ssq1ByMD1975LhdS\n6YnJXDKdJZjH20xf1Y1+AQKCAQEA3dlSq3zGCWuVZlArixwjwpSbffKrDMcCsL6m\netJOvDC+JkaXUcbvwYPPqq223USLHAwIz6FjvoXqsNautZCkNhRvsc24qi7N60TU\netnkHsQVbkx1OLgyAO5AEko8CqE+J19lvi1hMM8ToWcV3BWl6SXCP0Nj32yZMmDC\nz5smt7v3kMEcUsh4zJbAxZTxByRnO0p6SHH8pvqFwZXi4EdOGUyereIgA9zp185r\nTdD3smAI5GRPrQjj5cgPCVTkp4bU0FX9v/e/eQZpxOEIZR9zaiHtF1jjhbJc2o0L\nvABlihz2jUzDA7AXIJt3SjRXqxkYaDP+sUnhrMS3CjWv76ItoQKCAQEAxHLKHp9z\nbLEUrCux9Psmmxua3bTutbopuXVksB6SoJi5/KyTPEosbVbZ0NeOuuFm88v/uxsa\nse2DFfx8he4RzMQ3syE/UJ3pBbreASfVLLTNtAEn9tKO/UY9/hCwNS/lhaK9f1+G\nC4Kv+93Pxwmuxy1WJs9HdXtv4kV86F4vHGyPPI+MZBawzmzJ4vHY6UOZSfIGw3eB\n0pErh7cDSsjatghs8jKieiR7CX439YdNKyz8b30Lh+6qDRBcZAL6pB9kU9kBQ00w\n8YTppH7uOPFrFb7o6NO7zFgEHYtZLLxLZNeHMA387fKlh+f5CIqbeV3QvK2aqTmb\nCDcvf9s39vU57QKCAQBZjllpEL2BIAT3gHWTepCVBBihB001o0DayJu8CRnvrl2U\nZfq/8Gbo36T9aZLgT8M4V0NXTfdN+hF7wa5VbUZc7nMIe9uIF8zYpLiBv2PvZ4if\nNg48D19gMM18lKsYP28vxbr0wqzxXya1iT+x0KthKvT3ROUUVGqjg5wg4qkGksKl\nlM8yO+tH67N2D2IdV/y0WqRyilFLtuY396HWl/JXFC8aUqZJ6OwdSh7XEvxq7Ymp\naTUgzO3y3If1ZGfJmQxf7da5n/GTkZsw9wbEi6Wzum5TdnaiihYhw75w7lgPIRIG\niG5RFsy/RQMq2WZqk37e0d6HAyQu8lpRrMqRGg8BAoIBAQCoBFWCY3XhHINFzgli\nMfwO5UlLHhicLSDKkfEQANX/rSBFT4SOKBJfYczhpbtZcrcPBQcwDDqEu1NGVrBa\nDAgFTj0lY+Y3GRfX4r9F1b+pgOn+bo6zt9q8HHug9L0AgHqaFVplull3Nss1a7zt\nywZFLC1m/BluDajfqfbu9r7sXJ0VeuDkKdQGeV0iUR7oQvy0FeBbBbdvVOIaLRkP\nuUH2NraXX18/gDwLHnzV7ma96rfs0tIt7J5clgWvNC0Sehbg79T4ruiRaNA79KPi\n5/hinOmvWIhieVTrv+cBL/p7wSrKmuwcx090MZ75AzN+VhLVjNWerro+CJUDkYcI\nHSzxAoIBAFTByfueV0dIxvRGD4hB3zUs7AHz5xZE9ysBaar+nHJAc0wq7QPu3//h\njtlhaxQHSr+im5yloZKYZORjC4M8ea/RR/nRnrtBZMOpR8nJgujbq7KpJqsjmt4T\n9rXQ39bx1AzN+5q3rNxu57RgnRJ3pE+RKoA3U+9bsZ6XRKrs8IGldMGA76GoRq18\noSI8guckV+zRoDzbzZovnpRi4GcI8FJW8Ic5lXJExbzkeGfBxDRGESpHHRfWnECg\nMh9Fw3HmTnAg7uV7JuMj+R2M+zdGk2Dyr2l4sNyGm1QR4noLTzh9JC2Do6MaKkCh\n/EQ3v93+7tfI1VP3jgXaXOgNRqbWlCY=\n-----END PRIVATE KEY-----\n",
            "public_key_fingerprint_md5": "5c:dd:a6:cb:99:64:88:e7:98:a9:02:5b:41:a6:84:56",
            "public_key_fingerprint_sha256": "SHA256:mviAy34R3ij5B2fQ2Pc8gMhPdK2nRDVbaKVW21avzw0",
            "public_key_openssh": "ssh-rsa AAAAB3NzaC1yc2EAAAADAQABAAACAQCqPd06IMYxHTyDl8rOktqXXsNm8aW/Dzz7kBTCYU2ix/Lu7h6PZUmK/q6szPVYpr1EEuBZq+kErOhh5dogdEg567cAao8oYG9h+Wh+qSo+FBErj6X+lRS7KgoDV3YddMqiF9cqMRt+X14nsaNaOG3eOWQrp3olqNMdxAby6ZcinbsBALOU1rHq8JM78U1Uie4x+5rcr0w5IjHVZhKSn+BAoiCgoo+K0a6WythWKDTyQentFv6fc8J6sg8tuJlxo8subE8RH4irUnpxqgQApcEtIYkxtUyw6APeI86VErG8EdyNkfUQ0R+wvc9HstgexnlntPiA0FvbSfLOV1Z91FJgA/HQ/CXS3CmMj2SgNBvVfcVnJlv8YcC1Ba8hi2T+mEL2iKiex6dPUXIIOKaX+72Izo9Xgurf78Wb1SW21gR/NYP64nruwjChMHgPZAMk5kppxRYAbnUWHjPg09iPcuZdAtQIbtEYFc76FgCtXMZa5DlJkFiSwdx+LQQQQHu8yMWD/PHE3yWMJYvJr00V2/K6O5YyQ4yo9ri01o9C10Fop602c60phgYmQOFMp6j8so7Zkriub2caQoz2dWbor/kmaRfuXmYnU4TLAXw4K2f1WVwdSmAqKZ8+/LjlKGHbuiviy5+d+ak0XZxyn6f0JRGbEA0eRgqxQ3OWzZbhVmIXDQ==\n",
            "public_key_pem": "-----BEGIN PUBLIC KEY-----\nMIICIjANBgkqhkiG9w0BAQEFAAOCAg8AMIICCgKCAgEAqj3dOiDGMR08g5fKzpLa\nl17DZvGlvw88+5AUwmFNosfy7u4ej2VJiv6urMz1WKa9RBLgWavpBKzoYeXaIHRI\nOeu3AGqPKGBvYflofqkqPhQRK4+l/pUUuyoKA1d2HXTKohfXKjEbfl9eJ7GjWjht\n3jlkK6d6JajTHcQG8umXIp27AQCzlNax6vCTO/FNVInuMfua3K9MOSIx1WYSkp/g\nQKIgoKKPitGulsrYVig08kHp7Rb+n3PCerIPLbiZcaPLLmxPER+Iq1J6caoEAKXB\nLSGJMbVMsOgD3iPOlRKxvBHcjZH1ENEfsL3PR7LYHsZ5Z7T4gNBb20nyzldWfdRS\nYAPx0Pwl0twpjI9koDQb1X3FZyZb/GHAtQWvIYtk/phC9oionsenT1FyCDiml/u9\niM6PV4Lq3+/Fm9UlttYEfzWD+uJ67sIwoTB4D2QDJOZKacUWAG51Fh4z4NPYj3Lm\nXQLUCG7RGBXO+hYArVzGWuQ5SZBYksHcfi0EEEB7vMjFg/zxxN8ljCWLya9NFdvy\nujuWMkOMqPa4tNaPQtdBaKetNnOtKYYGJkDhTKeo/LKO2ZK4rm9nGkKM9nVm6K/5\nJmkX7l5mJ1OEywF8OCtn9VlcHUpgKimfPvy45Shh27or4sufnfmpNF2ccp+n9CUR\nmxANHkYKsUNzls2W4VZiFw0CAwEAAQ==\n-----END PUBLIC KEY-----\n",
            "rsa_bits": 4096
          },
          "sensitive_attributes": [],
          "dependencies": [
            "module.vpc.aws_cloudwatch_log_group.flow_log",
            "module.vpc.aws_customer_gateway.this",
            "module.vpc.aws_db_subnet_group.database",
            "module.vpc.aws_default_network_acl.this",
            "module.vpc.aws_default_route_table.default",
            "module.vpc.aws_default_security_group.this",
            "module.vpc.aws_default_vpc.this",
            "module.vpc.aws_egress_only_internet_gateway.this",
            "module.vpc.aws_eip.nat",
            "module.vpc.aws_elasticache_subnet_group.elasticache",
            "module.vpc.aws_flow_log.this",
            "module.vpc.aws_iam_policy.vpc_flow_log_cloudwatch",
            "module.vpc.aws_iam_role.vpc_flow_log_cloudwatch",
            "module.vpc.aws_iam_role_policy_attachment.vpc_flow_log_cloudwatch",
            "module.vpc.aws_internet_gateway.this",
            "module.vpc.aws_nat_gateway.this",
            "module.vpc.aws_network_acl.database",
            "module.vpc.aws_network_acl.elasticache",
            "module.vpc.aws_network_acl.intra",
            "module.vpc.aws_network_acl.outpost",
            "module.vpc.aws_network_acl.private",
            "module.vpc.aws_network_acl.public",
            "module.vpc.aws_network_acl.redshift",
            "module.vpc.aws_network_acl_rule.database_inbound",
            "module.vpc.aws_network_acl_rule.database_outbound",
            "module.vpc.aws_network_acl_rule.elasticache_inbound",
            "module.vpc.aws_network_acl_rule.elasticache_outbound",
            "module.vpc.aws_network_acl_rule.intra_inbound",
            "module.vpc.aws_network_acl_rule.intra_outbound",
            "module.vpc.aws_network_acl_rule.outpost_inbound",
            "module.vpc.aws_network_acl_rule.outpost_outbound",
            "module.vpc.aws_network_acl_rule.private_inbound",
            "module.vpc.aws_network_acl_rule.private_outbound",
            "module.vpc.aws_network_acl_rule.public_inbound",
            "module.vpc.aws_network_acl_rule.public_outbound",
            "module.vpc.aws_network_acl_rule.redshift_inbound",
            "module.vpc.aws_network_acl_rule.redshift_outbound",
            "module.vpc.aws_redshift_subnet_group.redshift",
            "module.vpc.aws_route.database_internet_gateway",
            "module.vpc.aws_route.database_ipv6_egress",
            "module.vpc.aws_route.database_nat_gateway",
            "module.vpc.aws_route.private_ipv6_egress",
            "module.vpc.aws_route.private_nat_gateway",
            "module.vpc.aws_route.public_internet_gateway",
            "module.vpc.aws_route.public_internet_gateway_ipv6",
            "module.vpc.aws_route_table.database",
            "module.vpc.aws_route_table.elasticache",
            "module.vpc.aws_route_table.intra",
            "module.vpc.aws_route_table.private",
            "module.vpc.aws_route_table.public",
            "module.vpc.aws_route_table.redshift",
            "module.vpc.aws_route_table_association.database",
            "module.vpc.aws_route_table_association.elasticache",
            "module.vpc.aws_route_table_association.intra",
            "module.vpc.aws_route_table_association.outpost",
            "module.vpc.aws_route_table_association.private",
            "module.vpc.aws_route_table_association.public",
            "module.vpc.aws_route_table_association.redshift",
            "module.vpc.aws_route_table_association.redshift_public",
            "module.vpc.aws_subnet.database",
            "module.vpc.aws_subnet.elasticache",
            "module.vpc.aws_subnet.intra",
            "module.vpc.aws_subnet.outpost",
            "module.vpc.aws_subnet.private",
            "module.vpc.aws_subnet.public",
            "module.vpc.aws_subnet.redshift",
            "module.vpc.aws_vpc.this",
            "module.vpc.aws_vpc_dhcp_options.this",
            "module.vpc.aws_vpc_dhcp_options_association.this",
            "module.vpc.aws_vpc_ipv4_cidr_block_association.this",
            "module.vpc.aws_vpn_gateway.this",
            "module.vpc.aws_vpn_gateway_attachment.this",
            "module.vpc.aws_vpn_gateway_route_propagation.intra",
            "module.vpc.aws_vpn_gateway_route_propagation.private",
            "module.vpc.aws_vpn_gateway_route_propagation.public",
            "module.vpc.data.aws_iam_policy_document.flow_log_cloudwatch_assume_role",
            "module.vpc.data.aws_iam_policy_document.vpc_flow_log_cloudwatch"
          ]
        }
      ]
    },
    {
      "module": "module.vpc",
      "mode": "managed",
      "type": "aws_eip",
      "name": "nat",
      "provider": "provider[\"registry.terraform.io/hashicorp/aws\"]",
      "instances": [
        {
          "index_key": 0,
          "schema_version": 0,
          "attributes": {
            "address": null,
            "allocation_id": "eipalloc-048ebc93a5905024f",
            "associate_with_private_ip": null,
            "association_id": "eipassoc-066da1b66c92b7e8d",
            "carrier_ip": "",
            "customer_owned_ip": "",
            "customer_owned_ipv4_pool": "",
            "domain": "vpc",
            "id": "eipalloc-048ebc93a5905024f",
            "instance": "",
            "network_border_group": "us-east-1",
            "network_interface": "eni-0f8c42375f4755c19",
            "private_dns": "ip-172-23-6-45.ec2.internal",
            "private_ip": "172.23.6.45",
            "public_dns": "ec2-34-232-13-86.compute-1.amazonaws.com",
            "public_ip": "34.232.13.86",
            "public_ipv4_pool": "amazon",
            "tags": {
              "Name": "VPC-us-east-1a"
            },
            "tags_all": {
              "Name": "VPC-us-east-1a"
            },
            "timeouts": null,
            "vpc": true
          },
          "sensitive_attributes": [],
          "private": "eyJlMmJmYjczMC1lY2FhLTExZTYtOGY4OC0zNDM2M2JjN2M0YzAiOnsiZGVsZXRlIjoxODAwMDAwMDAwMDAsInJlYWQiOjkwMDAwMDAwMDAwMCwidXBkYXRlIjozMDAwMDAwMDAwMDB9fQ=="
        }
      ]
    },
    {
      "module": "module.vpc",
      "mode": "managed",
      "type": "aws_internet_gateway",
      "name": "this",
      "provider": "provider[\"registry.terraform.io/hashicorp/aws\"]",
      "instances": [
        {
          "index_key": 0,
          "schema_version": 0,
          "attributes": {
            "arn": "arn:aws:ec2:us-east-1:230188408900:internet-gateway/igw-03fb05391880b0179",
            "id": "igw-03fb05391880b0179",
            "owner_id": "230188408900",
            "tags": {
              "Name": "VPC"
            },
            "tags_all": {
              "Name": "VPC"
            },
            "vpc_id": "vpc-093b6aa7fa7e8f16f"
          },
          "sensitive_attributes": [],
          "private": "bnVsbA==",
          "dependencies": [
            "module.vpc.aws_vpc.this",
            "module.vpc.aws_vpc_ipv4_cidr_block_association.this"
          ]
        }
      ]
    },
    {
      "module": "module.vpc",
      "mode": "managed",
      "type": "aws_nat_gateway",
      "name": "this",
      "provider": "provider[\"registry.terraform.io/hashicorp/aws\"]",
      "instances": [
        {
          "index_key": 0,
          "schema_version": 0,
          "attributes": {
            "allocation_id": "eipalloc-048ebc93a5905024f",
            "connectivity_type": "public",
            "id": "nat-063303458eac3fb7d",
            "network_interface_id": "eni-0f8c42375f4755c19",
            "private_ip": "172.23.6.45",
            "public_ip": "34.232.13.86",
            "subnet_id": "subnet-0408820586ec7fddb",
            "tags": {
              "Name": "caldera-test_natgateway"
            },
            "tags_all": {
              "Name": "caldera-test_natgateway"
            }
          },
          "sensitive_attributes": [],
          "private": "bnVsbA==",
          "dependencies": [
            "module.vpc.aws_eip.nat",
            "module.vpc.aws_internet_gateway.this",
            "module.vpc.aws_subnet.public",
            "module.vpc.aws_vpc.this",
            "module.vpc.aws_vpc_ipv4_cidr_block_association.this"
          ]
        }
      ]
    },
    {
      "module": "module.vpc",
      "mode": "managed",
      "type": "aws_route",
      "name": "private_nat_gateway",
      "provider": "provider[\"registry.terraform.io/hashicorp/aws\"]",
      "instances": [
        {
          "index_key": 0,
          "schema_version": 0,
          "attributes": {
            "carrier_gateway_id": "",
            "core_network_arn": "",
            "destination_cidr_block": "0.0.0.0/0",
            "destination_ipv6_cidr_block": "",
            "destination_prefix_list_id": "",
            "egress_only_gateway_id": "",
            "gateway_id": "",
            "id": "r-rtb-048342f1f3d14a8891080289494",
            "instance_id": "",
            "instance_owner_id": "",
            "local_gateway_id": "",
            "nat_gateway_id": "nat-063303458eac3fb7d",
            "network_interface_id": "",
            "origin": "CreateRoute",
            "route_table_id": "rtb-048342f1f3d14a889",
            "state": "active",
            "timeouts": {
              "create": "5m",
              "delete": null,
              "update": null
            },
            "transit_gateway_id": "",
            "vpc_endpoint_id": "",
            "vpc_peering_connection_id": ""
          },
          "sensitive_attributes": [],
          "private": "eyJlMmJmYjczMC1lY2FhLTExZTYtOGY4OC0zNDM2M2JjN2M0YzAiOnsiY3JlYXRlIjozMDAwMDAwMDAwMDAsImRlbGV0ZSI6MzAwMDAwMDAwMDAwLCJ1cGRhdGUiOjEyMDAwMDAwMDAwMH19",
          "dependencies": [
            "module.vpc.aws_eip.nat",
            "module.vpc.aws_internet_gateway.this",
            "module.vpc.aws_nat_gateway.this",
            "module.vpc.aws_route_table.private",
            "module.vpc.aws_subnet.public",
            "module.vpc.aws_vpc.this",
            "module.vpc.aws_vpc_ipv4_cidr_block_association.this"
          ]
        }
      ]
    },
    {
      "module": "module.vpc",
      "mode": "managed",
      "type": "aws_route",
      "name": "public_internet_gateway",
      "provider": "provider[\"registry.terraform.io/hashicorp/aws\"]",
      "instances": [
        {
          "index_key": 0,
          "schema_version": 0,
          "attributes": {
            "carrier_gateway_id": "",
            "core_network_arn": "",
            "destination_cidr_block": "0.0.0.0/0",
            "destination_ipv6_cidr_block": "",
            "destination_prefix_list_id": "",
            "egress_only_gateway_id": "",
            "gateway_id": "igw-03fb05391880b0179",
            "id": "r-rtb-0ff8e703a7d26fff61080289494",
            "instance_id": "",
            "instance_owner_id": "",
            "local_gateway_id": "",
            "nat_gateway_id": "",
            "network_interface_id": "",
            "origin": "CreateRoute",
            "route_table_id": "rtb-0ff8e703a7d26fff6",
            "state": "active",
            "timeouts": {
              "create": "5m",
              "delete": null,
              "update": null
            },
            "transit_gateway_id": "",
            "vpc_endpoint_id": "",
            "vpc_peering_connection_id": ""
          },
          "sensitive_attributes": [],
          "private": "eyJlMmJmYjczMC1lY2FhLTExZTYtOGY4OC0zNDM2M2JjN2M0YzAiOnsiY3JlYXRlIjozMDAwMDAwMDAwMDAsImRlbGV0ZSI6MzAwMDAwMDAwMDAwLCJ1cGRhdGUiOjEyMDAwMDAwMDAwMH19",
          "dependencies": [
            "module.vpc.aws_internet_gateway.this",
            "module.vpc.aws_route_table.public",
            "module.vpc.aws_vpc.this",
            "module.vpc.aws_vpc_ipv4_cidr_block_association.this"
          ]
        }
      ]
    },
    {
      "module": "module.vpc",
      "mode": "managed",
      "type": "aws_route_table",
      "name": "private",
      "provider": "provider[\"registry.terraform.io/hashicorp/aws\"]",
      "instances": [
        {
          "index_key": 0,
          "schema_version": 0,
          "attributes": {
            "arn": "arn:aws:ec2:us-east-1:230188408900:route-table/rtb-048342f1f3d14a889",
            "id": "rtb-048342f1f3d14a889",
            "owner_id": "230188408900",
            "propagating_vgws": [],
            "route": [
              {
                "carrier_gateway_id": "",
                "cidr_block": "0.0.0.0/0",
                "core_network_arn": "",
                "destination_prefix_list_id": "",
                "egress_only_gateway_id": "",
                "gateway_id": "",
                "instance_id": "",
                "ipv6_cidr_block": "",
                "local_gateway_id": "",
                "nat_gateway_id": "nat-063303458eac3fb7d",
                "network_interface_id": "",
                "transit_gateway_id": "",
                "vpc_endpoint_id": "",
                "vpc_peering_connection_id": ""
              }
            ],
            "tags": {
              "Name": "VPC-private"
            },
            "tags_all": {
              "Name": "VPC-private"
            },
            "timeouts": null,
            "vpc_id": "vpc-093b6aa7fa7e8f16f"
          },
          "sensitive_attributes": [],
          "private": "eyJlMmJmYjczMC1lY2FhLTExZTYtOGY4OC0zNDM2M2JjN2M0YzAiOnsiY3JlYXRlIjozMDAwMDAwMDAwMDAsImRlbGV0ZSI6MzAwMDAwMDAwMDAwLCJ1cGRhdGUiOjEyMDAwMDAwMDAwMH19",
          "dependencies": [
            "module.vpc.aws_vpc.this",
            "module.vpc.aws_vpc_ipv4_cidr_block_association.this"
          ]
        }
      ]
    },
    {
      "module": "module.vpc",
      "mode": "managed",
      "type": "aws_route_table",
      "name": "public",
      "provider": "provider[\"registry.terraform.io/hashicorp/aws\"]",
      "instances": [
        {
          "index_key": 0,
          "schema_version": 0,
          "attributes": {
            "arn": "arn:aws:ec2:us-east-1:230188408900:route-table/rtb-0ff8e703a7d26fff6",
            "id": "rtb-0ff8e703a7d26fff6",
            "owner_id": "230188408900",
            "propagating_vgws": [],
            "route": [
              {
                "carrier_gateway_id": "",
                "cidr_block": "0.0.0.0/0",
                "core_network_arn": "",
                "destination_prefix_list_id": "",
                "egress_only_gateway_id": "",
                "gateway_id": "igw-03fb05391880b0179",
                "instance_id": "",
                "ipv6_cidr_block": "",
                "local_gateway_id": "",
                "nat_gateway_id": "",
                "network_interface_id": "",
                "transit_gateway_id": "",
                "vpc_endpoint_id": "",
                "vpc_peering_connection_id": ""
              }
            ],
            "tags": {
              "Name": "VPC-public"
            },
            "tags_all": {
              "Name": "VPC-public"
            },
            "timeouts": null,
            "vpc_id": "vpc-093b6aa7fa7e8f16f"
          },
          "sensitive_attributes": [],
          "private": "eyJlMmJmYjczMC1lY2FhLTExZTYtOGY4OC0zNDM2M2JjN2M0YzAiOnsiY3JlYXRlIjozMDAwMDAwMDAwMDAsImRlbGV0ZSI6MzAwMDAwMDAwMDAwLCJ1cGRhdGUiOjEyMDAwMDAwMDAwMH19",
          "dependencies": [
            "module.vpc.aws_vpc.this",
            "module.vpc.aws_vpc_ipv4_cidr_block_association.this"
          ]
        }
      ]
    },
    {
      "module": "module.vpc",
      "mode": "managed",
      "type": "aws_route_table_association",
      "name": "private",
      "provider": "provider[\"registry.terraform.io/hashicorp/aws\"]",
      "instances": [
        {
          "index_key": 0,
          "schema_version": 0,
          "attributes": {
            "gateway_id": "",
            "id": "rtbassoc-02d3ef4c258a21778",
            "route_table_id": "rtb-048342f1f3d14a889",
            "subnet_id": "subnet-0ac1df101ed6879f3"
          },
          "sensitive_attributes": [],
          "private": "bnVsbA==",
          "dependencies": [
            "module.vpc.aws_route_table.private",
            "module.vpc.aws_subnet.private",
            "module.vpc.aws_vpc.this",
            "module.vpc.aws_vpc_ipv4_cidr_block_association.this"
          ]
        },
        {
          "index_key": 1,
          "schema_version": 0,
          "attributes": {
            "gateway_id": "",
            "id": "rtbassoc-0a47dc00d0d098bb3",
            "route_table_id": "rtb-048342f1f3d14a889",
            "subnet_id": "subnet-0ad7fe04969cd0b97"
          },
          "sensitive_attributes": [],
          "private": "bnVsbA==",
          "dependencies": [
            "module.vpc.aws_route_table.private",
            "module.vpc.aws_subnet.private",
            "module.vpc.aws_vpc.this",
            "module.vpc.aws_vpc_ipv4_cidr_block_association.this"
          ]
        },
        {
          "index_key": 2,
          "schema_version": 0,
          "attributes": {
            "gateway_id": "",
            "id": "rtbassoc-0aa927fdd52ce24c4",
            "route_table_id": "rtb-048342f1f3d14a889",
            "subnet_id": "subnet-08e74f7ddb0280d54"
          },
          "sensitive_attributes": [],
          "private": "bnVsbA==",
          "dependencies": [
            "module.vpc.aws_route_table.private",
            "module.vpc.aws_subnet.private",
            "module.vpc.aws_vpc.this",
            "module.vpc.aws_vpc_ipv4_cidr_block_association.this"
          ]
        },
        {
          "index_key": 3,
          "schema_version": 0,
          "attributes": {
            "gateway_id": "",
            "id": "rtbassoc-0384e56cabb279332",
            "route_table_id": "rtb-048342f1f3d14a889",
            "subnet_id": "subnet-0f7a702659bd76f02"
          },
          "sensitive_attributes": [],
          "private": "bnVsbA==",
          "dependencies": [
            "module.vpc.aws_route_table.private",
            "module.vpc.aws_subnet.private",
            "module.vpc.aws_vpc.this",
            "module.vpc.aws_vpc_ipv4_cidr_block_association.this"
          ]
        },
        {
          "index_key": 4,
          "schema_version": 0,
          "attributes": {
            "gateway_id": "",
            "id": "rtbassoc-0c18f4c5e12290b90",
            "route_table_id": "rtb-048342f1f3d14a889",
            "subnet_id": "subnet-0f8038304c8f62705"
          },
          "sensitive_attributes": [],
          "private": "bnVsbA==",
          "dependencies": [
            "module.vpc.aws_route_table.private",
            "module.vpc.aws_subnet.private",
            "module.vpc.aws_vpc.this",
            "module.vpc.aws_vpc_ipv4_cidr_block_association.this"
          ]
        }
      ]
    },
    {
      "module": "module.vpc",
      "mode": "managed",
      "type": "aws_route_table_association",
      "name": "public",
      "provider": "provider[\"registry.terraform.io/hashicorp/aws\"]",
      "instances": [
        {
          "index_key": 0,
          "schema_version": 0,
          "attributes": {
            "gateway_id": "",
            "id": "rtbassoc-0900c121591e4d64c",
            "route_table_id": "rtb-0ff8e703a7d26fff6",
            "subnet_id": "subnet-0408820586ec7fddb"
          },
          "sensitive_attributes": [],
          "private": "bnVsbA==",
          "dependencies": [
            "module.vpc.aws_route_table.public",
            "module.vpc.aws_subnet.public",
            "module.vpc.aws_vpc.this",
            "module.vpc.aws_vpc_ipv4_cidr_block_association.this"
          ]
        },
        {
          "index_key": 1,
          "schema_version": 0,
          "attributes": {
            "gateway_id": "",
            "id": "rtbassoc-010a4e8aad6038f0e",
            "route_table_id": "rtb-0ff8e703a7d26fff6",
            "subnet_id": "subnet-0919cb6e75b61c6e9"
          },
          "sensitive_attributes": [],
          "private": "bnVsbA==",
          "dependencies": [
            "module.vpc.aws_route_table.public",
            "module.vpc.aws_subnet.public",
            "module.vpc.aws_vpc.this",
            "module.vpc.aws_vpc_ipv4_cidr_block_association.this"
          ]
        },
        {
          "index_key": 2,
          "schema_version": 0,
          "attributes": {
            "gateway_id": "",
            "id": "rtbassoc-0798a05fcbc59834e",
            "route_table_id": "rtb-0ff8e703a7d26fff6",
            "subnet_id": "subnet-046a6ff55ffe52386"
          },
          "sensitive_attributes": [],
          "private": "bnVsbA==",
          "dependencies": [
            "module.vpc.aws_route_table.public",
            "module.vpc.aws_subnet.public",
            "module.vpc.aws_vpc.this",
            "module.vpc.aws_vpc_ipv4_cidr_block_association.this"
          ]
        },
        {
          "index_key": 3,
          "schema_version": 0,
          "attributes": {
            "gateway_id": "",
            "id": "rtbassoc-0d18214594df40fea",
            "route_table_id": "rtb-0ff8e703a7d26fff6",
            "subnet_id": "subnet-0f421193729504c26"
          },
          "sensitive_attributes": [],
          "private": "bnVsbA==",
          "dependencies": [
            "module.vpc.aws_route_table.public",
            "module.vpc.aws_subnet.public",
            "module.vpc.aws_vpc.this",
            "module.vpc.aws_vpc_ipv4_cidr_block_association.this"
          ]
        },
        {
          "index_key": 4,
          "schema_version": 0,
          "attributes": {
            "gateway_id": "",
            "id": "rtbassoc-0d74ef21d94012212",
            "route_table_id": "rtb-0ff8e703a7d26fff6",
            "subnet_id": "subnet-063685500a567dd98"
          },
          "sensitive_attributes": [],
          "private": "bnVsbA==",
          "dependencies": [
            "module.vpc.aws_route_table.public",
            "module.vpc.aws_subnet.public",
            "module.vpc.aws_vpc.this",
            "module.vpc.aws_vpc_ipv4_cidr_block_association.this"
          ]
        }
      ]
    },
    {
      "module": "module.vpc",
      "mode": "managed",
      "type": "aws_subnet",
      "name": "private",
      "provider": "provider[\"registry.terraform.io/hashicorp/aws\"]",
      "instances": [
        {
          "index_key": 0,
          "schema_version": 1,
          "attributes": {
            "arn": "arn:aws:ec2:us-east-1:230188408900:subnet/subnet-0ac1df101ed6879f3",
            "assign_ipv6_address_on_creation": false,
            "availability_zone": "us-east-1a",
            "availability_zone_id": "use1-az2",
            "cidr_block": "172.23.0.0/22",
            "customer_owned_ipv4_pool": "",
            "enable_dns64": false,
            "enable_resource_name_dns_a_record_on_launch": false,
            "enable_resource_name_dns_aaaa_record_on_launch": false,
            "id": "subnet-0ac1df101ed6879f3",
            "ipv6_cidr_block": "",
            "ipv6_cidr_block_association_id": "",
            "ipv6_native": false,
            "map_customer_owned_ip_on_launch": false,
            "map_public_ip_on_launch": false,
            "outpost_arn": "",
            "owner_id": "230188408900",
            "private_dns_hostname_type_on_launch": "ip-name",
            "tags": {
              "Name": "caldera-test_private"
            },
            "tags_all": {
              "Name": "caldera-test_private"
            },
            "timeouts": null,
            "vpc_id": "vpc-093b6aa7fa7e8f16f"
          },
          "sensitive_attributes": [],
          "private": "eyJlMmJmYjczMC1lY2FhLTExZTYtOGY4OC0zNDM2M2JjN2M0YzAiOnsiY3JlYXRlIjo2MDAwMDAwMDAwMDAsImRlbGV0ZSI6MTIwMDAwMDAwMDAwMH0sInNjaGVtYV92ZXJzaW9uIjoiMSJ9",
          "dependencies": [
            "module.vpc.aws_vpc.this",
            "module.vpc.aws_vpc_ipv4_cidr_block_association.this"
          ]
        },
        {
          "index_key": 1,
          "schema_version": 1,
          "attributes": {
            "arn": "arn:aws:ec2:us-east-1:230188408900:subnet/subnet-0ad7fe04969cd0b97",
            "assign_ipv6_address_on_creation": false,
            "availability_zone": "us-east-1b",
            "availability_zone_id": "use1-az4",
            "cidr_block": "172.23.32.0/22",
            "customer_owned_ipv4_pool": "",
            "enable_dns64": false,
            "enable_resource_name_dns_a_record_on_launch": false,
            "enable_resource_name_dns_aaaa_record_on_launch": false,
            "id": "subnet-0ad7fe04969cd0b97",
            "ipv6_cidr_block": "",
            "ipv6_cidr_block_association_id": "",
            "ipv6_native": false,
            "map_customer_owned_ip_on_launch": false,
            "map_public_ip_on_launch": false,
            "outpost_arn": "",
            "owner_id": "230188408900",
            "private_dns_hostname_type_on_launch": "ip-name",
            "tags": {
              "Name": "caldera-test_private"
            },
            "tags_all": {
              "Name": "caldera-test_private"
            },
            "timeouts": null,
            "vpc_id": "vpc-093b6aa7fa7e8f16f"
          },
          "sensitive_attributes": [],
          "private": "eyJlMmJmYjczMC1lY2FhLTExZTYtOGY4OC0zNDM2M2JjN2M0YzAiOnsiY3JlYXRlIjo2MDAwMDAwMDAwMDAsImRlbGV0ZSI6MTIwMDAwMDAwMDAwMH0sInNjaGVtYV92ZXJzaW9uIjoiMSJ9",
          "dependencies": [
            "module.vpc.aws_vpc.this",
            "module.vpc.aws_vpc_ipv4_cidr_block_association.this"
          ]
        },
        {
          "index_key": 2,
          "schema_version": 1,
          "attributes": {
            "arn": "arn:aws:ec2:us-east-1:230188408900:subnet/subnet-08e74f7ddb0280d54",
            "assign_ipv6_address_on_creation": false,
            "availability_zone": "us-east-1c",
            "availability_zone_id": "use1-az6",
            "cidr_block": "172.23.64.0/22",
            "customer_owned_ipv4_pool": "",
            "enable_dns64": false,
            "enable_resource_name_dns_a_record_on_launch": false,
            "enable_resource_name_dns_aaaa_record_on_launch": false,
            "id": "subnet-08e74f7ddb0280d54",
            "ipv6_cidr_block": "",
            "ipv6_cidr_block_association_id": "",
            "ipv6_native": false,
            "map_customer_owned_ip_on_launch": false,
            "map_public_ip_on_launch": false,
            "outpost_arn": "",
            "owner_id": "230188408900",
            "private_dns_hostname_type_on_launch": "ip-name",
            "tags": {
              "Name": "caldera-test_private"
            },
            "tags_all": {
              "Name": "caldera-test_private"
            },
            "timeouts": null,
            "vpc_id": "vpc-093b6aa7fa7e8f16f"
          },
          "sensitive_attributes": [],
          "private": "eyJlMmJmYjczMC1lY2FhLTExZTYtOGY4OC0zNDM2M2JjN2M0YzAiOnsiY3JlYXRlIjo2MDAwMDAwMDAwMDAsImRlbGV0ZSI6MTIwMDAwMDAwMDAwMH0sInNjaGVtYV92ZXJzaW9uIjoiMSJ9",
          "dependencies": [
            "module.vpc.aws_vpc.this",
            "module.vpc.aws_vpc_ipv4_cidr_block_association.this"
          ]
        },
        {
          "index_key": 3,
          "schema_version": 1,
          "attributes": {
            "arn": "arn:aws:ec2:us-east-1:230188408900:subnet/subnet-0f7a702659bd76f02",
            "assign_ipv6_address_on_creation": false,
            "availability_zone": "us-east-1d",
            "availability_zone_id": "use1-az1",
            "cidr_block": "172.23.96.0/22",
            "customer_owned_ipv4_pool": "",
            "enable_dns64": false,
            "enable_resource_name_dns_a_record_on_launch": false,
            "enable_resource_name_dns_aaaa_record_on_launch": false,
            "id": "subnet-0f7a702659bd76f02",
            "ipv6_cidr_block": "",
            "ipv6_cidr_block_association_id": "",
            "ipv6_native": false,
            "map_customer_owned_ip_on_launch": false,
            "map_public_ip_on_launch": false,
            "outpost_arn": "",
            "owner_id": "230188408900",
            "private_dns_hostname_type_on_launch": "ip-name",
            "tags": {
              "Name": "caldera-test_private"
            },
            "tags_all": {
              "Name": "caldera-test_private"
            },
            "timeouts": null,
            "vpc_id": "vpc-093b6aa7fa7e8f16f"
          },
          "sensitive_attributes": [],
          "private": "eyJlMmJmYjczMC1lY2FhLTExZTYtOGY4OC0zNDM2M2JjN2M0YzAiOnsiY3JlYXRlIjo2MDAwMDAwMDAwMDAsImRlbGV0ZSI6MTIwMDAwMDAwMDAwMH0sInNjaGVtYV92ZXJzaW9uIjoiMSJ9",
          "dependencies": [
            "module.vpc.aws_vpc.this",
            "module.vpc.aws_vpc_ipv4_cidr_block_association.this"
          ]
        },
        {
          "index_key": 4,
          "schema_version": 1,
          "attributes": {
            "arn": "arn:aws:ec2:us-east-1:230188408900:subnet/subnet-0f8038304c8f62705",
            "assign_ipv6_address_on_creation": false,
            "availability_zone": "us-east-1f",
            "availability_zone_id": "use1-az5",
            "cidr_block": "172.23.160.0/22",
            "customer_owned_ipv4_pool": "",
            "enable_dns64": false,
            "enable_resource_name_dns_a_record_on_launch": false,
            "enable_resource_name_dns_aaaa_record_on_launch": false,
            "id": "subnet-0f8038304c8f62705",
            "ipv6_cidr_block": "",
            "ipv6_cidr_block_association_id": "",
            "ipv6_native": false,
            "map_customer_owned_ip_on_launch": false,
            "map_public_ip_on_launch": false,
            "outpost_arn": "",
            "owner_id": "230188408900",
            "private_dns_hostname_type_on_launch": "ip-name",
            "tags": {
              "Name": "caldera-test_private"
            },
            "tags_all": {
              "Name": "caldera-test_private"
            },
            "timeouts": null,
            "vpc_id": "vpc-093b6aa7fa7e8f16f"
          },
          "sensitive_attributes": [],
          "private": "eyJlMmJmYjczMC1lY2FhLTExZTYtOGY4OC0zNDM2M2JjN2M0YzAiOnsiY3JlYXRlIjo2MDAwMDAwMDAwMDAsImRlbGV0ZSI6MTIwMDAwMDAwMDAwMH0sInNjaGVtYV92ZXJzaW9uIjoiMSJ9",
          "dependencies": [
            "module.vpc.aws_vpc.this",
            "module.vpc.aws_vpc_ipv4_cidr_block_association.this"
          ]
        }
      ]
    },
    {
      "module": "module.vpc",
      "mode": "managed",
      "type": "aws_subnet",
      "name": "public",
      "provider": "provider[\"registry.terraform.io/hashicorp/aws\"]",
      "instances": [
        {
          "index_key": 0,
          "schema_version": 1,
          "attributes": {
            "arn": "arn:aws:ec2:us-east-1:230188408900:subnet/subnet-0408820586ec7fddb",
            "assign_ipv6_address_on_creation": false,
            "availability_zone": "us-east-1a",
            "availability_zone_id": "use1-az2",
            "cidr_block": "172.23.4.0/22",
            "customer_owned_ipv4_pool": "",
            "enable_dns64": false,
            "enable_resource_name_dns_a_record_on_launch": false,
            "enable_resource_name_dns_aaaa_record_on_launch": false,
            "id": "subnet-0408820586ec7fddb",
            "ipv6_cidr_block": "",
            "ipv6_cidr_block_association_id": "",
            "ipv6_native": false,
            "map_customer_owned_ip_on_launch": false,
            "map_public_ip_on_launch": true,
            "outpost_arn": "",
            "owner_id": "230188408900",
            "private_dns_hostname_type_on_launch": "ip-name",
            "tags": {
              "Name": "caldera-test_public"
            },
            "tags_all": {
              "Name": "caldera-test_public"
            },
            "timeouts": null,
            "vpc_id": "vpc-093b6aa7fa7e8f16f"
          },
          "sensitive_attributes": [],
          "private": "eyJlMmJmYjczMC1lY2FhLTExZTYtOGY4OC0zNDM2M2JjN2M0YzAiOnsiY3JlYXRlIjo2MDAwMDAwMDAwMDAsImRlbGV0ZSI6MTIwMDAwMDAwMDAwMH0sInNjaGVtYV92ZXJzaW9uIjoiMSJ9",
          "dependencies": [
            "module.vpc.aws_vpc.this",
            "module.vpc.aws_vpc_ipv4_cidr_block_association.this"
          ]
        },
        {
          "index_key": 1,
          "schema_version": 1,
          "attributes": {
            "arn": "arn:aws:ec2:us-east-1:230188408900:subnet/subnet-0919cb6e75b61c6e9",
            "assign_ipv6_address_on_creation": false,
            "availability_zone": "us-east-1b",
            "availability_zone_id": "use1-az4",
            "cidr_block": "172.23.36.0/22",
            "customer_owned_ipv4_pool": "",
            "enable_dns64": false,
            "enable_resource_name_dns_a_record_on_launch": false,
            "enable_resource_name_dns_aaaa_record_on_launch": false,
            "id": "subnet-0919cb6e75b61c6e9",
            "ipv6_cidr_block": "",
            "ipv6_cidr_block_association_id": "",
            "ipv6_native": false,
            "map_customer_owned_ip_on_launch": false,
            "map_public_ip_on_launch": true,
            "outpost_arn": "",
            "owner_id": "230188408900",
            "private_dns_hostname_type_on_launch": "ip-name",
            "tags": {
              "Name": "caldera-test_public"
            },
            "tags_all": {
              "Name": "caldera-test_public"
            },
            "timeouts": null,
            "vpc_id": "vpc-093b6aa7fa7e8f16f"
          },
          "sensitive_attributes": [],
          "private": "eyJlMmJmYjczMC1lY2FhLTExZTYtOGY4OC0zNDM2M2JjN2M0YzAiOnsiY3JlYXRlIjo2MDAwMDAwMDAwMDAsImRlbGV0ZSI6MTIwMDAwMDAwMDAwMH0sInNjaGVtYV92ZXJzaW9uIjoiMSJ9",
          "dependencies": [
            "module.vpc.aws_vpc.this",
            "module.vpc.aws_vpc_ipv4_cidr_block_association.this"
          ]
        },
        {
          "index_key": 2,
          "schema_version": 1,
          "attributes": {
            "arn": "arn:aws:ec2:us-east-1:230188408900:subnet/subnet-046a6ff55ffe52386",
            "assign_ipv6_address_on_creation": false,
            "availability_zone": "us-east-1c",
            "availability_zone_id": "use1-az6",
            "cidr_block": "172.23.68.0/22",
            "customer_owned_ipv4_pool": "",
            "enable_dns64": false,
            "enable_resource_name_dns_a_record_on_launch": false,
            "enable_resource_name_dns_aaaa_record_on_launch": false,
            "id": "subnet-046a6ff55ffe52386",
            "ipv6_cidr_block": "",
            "ipv6_cidr_block_association_id": "",
            "ipv6_native": false,
            "map_customer_owned_ip_on_launch": false,
            "map_public_ip_on_launch": true,
            "outpost_arn": "",
            "owner_id": "230188408900",
            "private_dns_hostname_type_on_launch": "ip-name",
            "tags": {
              "Name": "caldera-test_public"
            },
            "tags_all": {
              "Name": "caldera-test_public"
            },
            "timeouts": null,
            "vpc_id": "vpc-093b6aa7fa7e8f16f"
          },
          "sensitive_attributes": [],
          "private": "eyJlMmJmYjczMC1lY2FhLTExZTYtOGY4OC0zNDM2M2JjN2M0YzAiOnsiY3JlYXRlIjo2MDAwMDAwMDAwMDAsImRlbGV0ZSI6MTIwMDAwMDAwMDAwMH0sInNjaGVtYV92ZXJzaW9uIjoiMSJ9",
          "dependencies": [
            "module.vpc.aws_vpc.this",
            "module.vpc.aws_vpc_ipv4_cidr_block_association.this"
          ]
        },
        {
          "index_key": 3,
          "schema_version": 1,
          "attributes": {
            "arn": "arn:aws:ec2:us-east-1:230188408900:subnet/subnet-0f421193729504c26",
            "assign_ipv6_address_on_creation": false,
            "availability_zone": "us-east-1d",
            "availability_zone_id": "use1-az1",
            "cidr_block": "172.23.100.0/22",
            "customer_owned_ipv4_pool": "",
            "enable_dns64": false,
            "enable_resource_name_dns_a_record_on_launch": false,
            "enable_resource_name_dns_aaaa_record_on_launch": false,
            "id": "subnet-0f421193729504c26",
            "ipv6_cidr_block": "",
            "ipv6_cidr_block_association_id": "",
            "ipv6_native": false,
            "map_customer_owned_ip_on_launch": false,
            "map_public_ip_on_launch": true,
            "outpost_arn": "",
            "owner_id": "230188408900",
            "private_dns_hostname_type_on_launch": "ip-name",
            "tags": {
              "Name": "caldera-test_public"
            },
            "tags_all": {
              "Name": "caldera-test_public"
            },
            "timeouts": null,
            "vpc_id": "vpc-093b6aa7fa7e8f16f"
          },
          "sensitive_attributes": [],
          "private": "eyJlMmJmYjczMC1lY2FhLTExZTYtOGY4OC0zNDM2M2JjN2M0YzAiOnsiY3JlYXRlIjo2MDAwMDAwMDAwMDAsImRlbGV0ZSI6MTIwMDAwMDAwMDAwMH0sInNjaGVtYV92ZXJzaW9uIjoiMSJ9",
          "dependencies": [
            "module.vpc.aws_vpc.this",
            "module.vpc.aws_vpc_ipv4_cidr_block_association.this"
          ]
        },
        {
          "index_key": 4,
          "schema_version": 1,
          "attributes": {
            "arn": "arn:aws:ec2:us-east-1:230188408900:subnet/subnet-063685500a567dd98",
            "assign_ipv6_address_on_creation": false,
            "availability_zone": "us-east-1f",
            "availability_zone_id": "use1-az5",
            "cidr_block": "172.23.164.0/22",
            "customer_owned_ipv4_pool": "",
            "enable_dns64": false,
            "enable_resource_name_dns_a_record_on_launch": false,
            "enable_resource_name_dns_aaaa_record_on_launch": false,
            "id": "subnet-063685500a567dd98",
            "ipv6_cidr_block": "",
            "ipv6_cidr_block_association_id": "",
            "ipv6_native": false,
            "map_customer_owned_ip_on_launch": false,
            "map_public_ip_on_launch": true,
            "outpost_arn": "",
            "owner_id": "230188408900",
            "private_dns_hostname_type_on_launch": "ip-name",
            "tags": {
              "Name": "caldera-test_public"
            },
            "tags_all": {
              "Name": "caldera-test_public"
            },
            "timeouts": null,
            "vpc_id": "vpc-093b6aa7fa7e8f16f"
          },
          "sensitive_attributes": [],
          "private": "eyJlMmJmYjczMC1lY2FhLTExZTYtOGY4OC0zNDM2M2JjN2M0YzAiOnsiY3JlYXRlIjo2MDAwMDAwMDAwMDAsImRlbGV0ZSI6MTIwMDAwMDAwMDAwMH0sInNjaGVtYV92ZXJzaW9uIjoiMSJ9",
          "dependencies": [
            "module.vpc.aws_vpc.this",
            "module.vpc.aws_vpc_ipv4_cidr_block_association.this"
          ]
        }
      ]
    },
    {
      "module": "module.vpc",
      "mode": "managed",
      "type": "aws_vpc",
      "name": "this",
      "provider": "provider[\"registry.terraform.io/hashicorp/aws\"]",
      "instances": [
        {
          "index_key": 0,
          "schema_version": 1,
          "attributes": {
            "arn": "arn:aws:ec2:us-east-1:230188408900:vpc/vpc-093b6aa7fa7e8f16f",
            "assign_generated_ipv6_cidr_block": false,
            "cidr_block": "172.23.0.0/16",
            "default_network_acl_id": "acl-0bd5d8d646121ac95",
            "default_route_table_id": "rtb-0baabc403891b6d66",
            "default_security_group_id": "sg-05ea3f2c469bf39ab",
            "dhcp_options_id": "dopt-05ed9c245325194e5",
            "enable_classiclink": false,
            "enable_classiclink_dns_support": false,
            "enable_dns_hostnames": true,
            "enable_dns_support": true,
            "id": "vpc-093b6aa7fa7e8f16f",
            "instance_tenancy": "default",
            "ipv4_ipam_pool_id": null,
            "ipv4_netmask_length": null,
            "ipv6_association_id": "",
            "ipv6_cidr_block": "",
            "ipv6_cidr_block_network_border_group": "",
            "ipv6_ipam_pool_id": "",
            "ipv6_netmask_length": 0,
            "main_route_table_id": "rtb-0baabc403891b6d66",
            "owner_id": "230188408900",
            "tags": {
              "Name": "VPC"
            },
            "tags_all": {
              "Name": "VPC"
            }
          },
          "sensitive_attributes": [],
          "private": "eyJzY2hlbWFfdmVyc2lvbiI6IjEifQ=="
        }
      ]
    }
  ]
}
