{
  "version": 4,
  "terraform_version": "1.2.4",
  "serial": 39,
  "lineage": "e7f5f801-6444-0500-ed97-7e3dc8da6704",
  "outputs": {
    "caldera_server_ip": {
      "value": "3.91.16.77",
      "type": "string"
    },
    "linux_host_ip": {
      "value": "172.23.1.84",
      "type": "string"
    },
    "rsa_private_key": {
      "value": "-----BEGIN RSA PRIVATE KEY-----\nMIIJKQIBAAKCAgEAmiLPHTFZLJyaJ3STs0e6Ob3vmIaAm7lzUXM97o29KjVjrKJk\nnXduq5JLkM4xr4UlCN7+KNJexpZlUvPgh84eXFPh5NdFyqlvTnR+OQ0wBuvwhkSJ\n0sTbABChqptmJLGFiKhCktzH0USPVuMBsNotHMjG4kzHOueM7FjK15NBHBiPPdIm\npO+puh5ULfZfk8Wuk6Fl4KoxV0UdYC/i8EEI9EG02QoWYqLcJ7MxAED5UcSFktON\neK27avd4eSmdIDZgtnWDwSurToqwr0S5f2PUGHrOodJu5KVGdphytjQ3hCmmgI2m\neuO6bCY7/K6mm4wysS8muvmbPzqlG6NjHkvDxJ9XvxQxqtMd1HQ2ObfSjQINNQZ/\nAcqfm69Kkpe07lhKIros39uyrIb8M9JzgqPLAmfzeJl9L2+nVhng0zoBHWcKT7zD\nwgEy5Svasa8FKj821NuX1UsBcd4tV+5Lklmpf2iIPBX4icLoBBaSHdwtPEVVLS/3\nJxz49PFDuhVirwS6H7D0ucFKg8aJ4pIFTCgJz7ro11FhvKiVwSjuSetU9cPR6yqD\nuLQd6ndPU5nzv+z5AUZe55eZyHSEiPSazOpe/Aee/gx8/4lhwIPhU79+5Py14GVm\nWCfSDQHHMhrdsxVdc4bL9CfdXpBPHRhfQ/x9pFckeUS/ROF4EcetCtu7yIcCAwEA\nAQKCAgADqXIMOoDo22uaJl3f84NMHeQUVpW1nWlM9RTylvF4kD4m+tCzIQRDFT2w\nWgW6KsqfdFTLeXwA8c/EccDS2SXFgcSrICYrU20uivv4tQSAFZjoR7aSiFS/oqWE\nnR6HHqSSg5TZUl947E0PfmMq5XQO7AI1nCdbkea6Mr3W80untDmq+VQrtPnuTwwm\n72SD6T1lin8WIFT9wsmY4Gpe1Ny2mN0IDwJLI51hYBN48xI5TBb0TwxcYpxCRVDa\naA+wlTok+5O+wh/WxNq/vz089o0ya7B/DbXOvtJ2vNZ017a98BNhmHvtDX3/VcU1\nEp0osuL9bKZZ6NY0YVtM1cvkC17CQqmMd+LyN5oqhTFQJM9Wq5XDe5Aa8ibxTiW/\nshDwTd9zfL5p6Z45fqZrIZznjRd6lpnucoFz97CbB7KrUzOkGOdu7Ta/4vfS7y6n\nbi/Ystq3lY3W2pEA6rMoc93c8NJRFzFS89aQz6TT+s4PRv8soeepVXn9Jb8mKloe\nhThIA4ORxkYStKPRFOUDA306YV5iEX2myS5beoNd2IZM5qDVw5fP5f3Hp6GSLmCn\nhytznLC/6jSd52bOkzSpzOfRMhbkqofwjxEjoMgcg8uu/ahBg/4nCIvGCUqFYS54\nAKEyfpmuodY279DmS7xw9pU3SDKPwS3YDRBpRuTlA1vPEOZCKQKCAQEAwPRWHExM\nB/0Y76Q19cE9PLaDzD5USceMllVXFlsHn2OnoFllKV8SvJxf13UD71/vi1o9HZNs\n8h8V2KBXx1NyvpQzt5R0A7gfqI1+fnk4yHh5qWGjL630pnfxE7oELQd+ChuhyOmO\nh/jC/A2nPWl0YBobSv9tUNlxQT4h8EyQSg6WFdmd1Xhe3eBmQ+CBY1RW7MY710gl\nRuj5iiQOTYger1QhGICMRfJEI+irEguv6qgccKDQqnNAIHzDVOP0xgFuQmhPPI1B\n3o5Q1xUlgXkDxMI/4S82W07P4mQmpb/blIsPUGbhXq7yNhHymOCphvz84IwBKXXN\nB7rdysZPr/+L9QKCAQEAzH+BEPvg7EcFnJpYP8THJsSDTRBrXVkNcEFiVqmVXbAp\n2JFwf1WOIyy60bgYxAh5nDmyc4tOOQowF4n5P+Dqhv9DNb3W1T6cPiYhyZMyS0TH\nVs61kzX6ja/zbYHNhwVUJvJqbbFSAkT6dr/4LEFLFqwmlqa6qbX41fSuHwkXsV3i\navTNimYqtgF29iPTtpuWF60qtpUgMwFleuwylcl8vmfXQZUSOF5SUPY2H9UwtHyH\nnerLIFURH2COnU+Sm7gGODUGHhXFkojn4WEDxCXpujnUW6K7BsooSlM69VSSpSEc\nHJs0Un92mzpBgz8o8SvSa1ES1vopiXl6UUcCva+RCwKCAQEAiFTa9rmNyuMwGDn9\nCjvTqa8HZmrvoQWGNr3rf1coBp0h1fDzwgxzr6IJMbFy61HsbZh/sAL3Kgd+pwV7\nn9E9NJyAAgi5A9u3Op9mrbO2xCYjR+M9qrWNM4VxZ0+6HZq6mie14r/qvfWsxuxa\nqtB0smYfvJjGwyYvmDpvPlrKZBj0QFH269pVpQ0lFHZu1SDFHhxeMZi/BeAcWFdr\nZ6pyi8y0aZyB//XR4VFGdcSeMf0/wvBNHvG5cHrWhIdf7fsazX7n5U+lJ7uEMMO3\nMUiwuffJrLBwBomj5kB+8gOiAM1UL6nRONYBOuTpdMzf2wmrHnitZX7fM8P7a4c8\nzIyRdQKCAQEAq0T+a6MItdqlsIrz7jR4NtfOv/RId13mC2Y3Xi2Zk2W/Jkpo1bxp\n1rvXm118IHKYp2cLNgot8Ue/D3fW8NEGmxmeyJu+GcreQI7fLVvCe5eW+/UTzb8f\noRsD3WshHzwvRo8w473m2U+8FUiiKS5mHQ8BIptxKkHlrgvG6OdMmJfw0XNF0evP\nSa/gWjWXUxDrm9jENTagSReaTmET3K9rcmy1s4+OOveEKZqLqg17RS4mxvOmO+YC\n+Sx9RPMn7pMpYlnGTdweJKPU0MXXyaeXIQjd+gFIcl9NbzJV5rJ2PyaDzNGP+KgY\nRdl8lNeJCrOQ/6BfDv1lXGYJM5ktioBIEQKCAQBlAFNn/ke/noXRglPEhYfEMC9f\nBP9JFDIbQb5dcQLPkMyQtH/VScJrPZBm/lQLirewLYzdcmHOx/ltH6QsCdXJdC+d\ncMYWkm1MN/iAQwwQjK5E3RHK1lyNF4LAL/KqRuhqob3MDJSQ/belysJI1TTbruqM\nYVZlYsRMSJEfY9+CV2dj+nPivHZuOHtXD3aazEo8ssqRQD/2iqp6fIRLuCEbMu+T\ns08o69d7cqaXyFOADgNBD7iQN+2lI436i57MTKc+urQ0EjFHLV3sJCO2yz6KwFMn\nfgB5riasP1+03s8j7SneWuIZyvI7ZsuB/tpYctWkXLsqCIZqHFZs5VqVt0Lm\n-----END RSA PRIVATE KEY-----\n",
      "type": "string"
    },
    "windows_host_ip": {
      "value": "172.23.5.250",
      "type": "string"
    }
  },
  "resources": [
    {
      "mode": "managed",
      "type": "aws_instance",
      "name": "caldera_server",
      "provider": "provider[\"registry.terraform.io/hashicorp/aws\"]",
      "instances": [
        {
          "schema_version": 1,
          "attributes": {
            "ami": "ami-09d56f8956ab235b3",
            "arn": "arn:aws:ec2:us-east-1:152329264931:instance/i-03a01308671446f42",
            "associate_public_ip_address": true,
            "availability_zone": "us-east-1a",
            "capacity_reservation_specification": [
              {
                "capacity_reservation_preference": "open",
                "capacity_reservation_target": []
              }
            ],
            "cpu_core_count": 1,
            "cpu_threads_per_core": 2,
            "credit_specification": [
              {
                "cpu_credits": "unlimited"
              }
            ],
            "disable_api_stop": false,
            "disable_api_termination": false,
            "ebs_block_device": [],
            "ebs_optimized": false,
            "enclave_options": [
              {
                "enabled": false
              }
            ],
            "ephemeral_block_device": [],
            "get_password_data": false,
            "hibernation": false,
            "host_id": null,
            "iam_instance_profile": "",
            "id": "i-03a01308671446f42",
            "instance_initiated_shutdown_behavior": "stop",
            "instance_state": "running",
            "instance_type": "t3.medium",
            "ipv6_address_count": 0,
            "ipv6_addresses": [],
            "key_name": "caldera-nodes",
            "launch_template": [],
            "maintenance_options": [
              {
                "auto_recovery": "default"
              }
            ],
            "metadata_options": [
              {
                "http_endpoint": "enabled",
                "http_put_response_hop_limit": 1,
                "http_tokens": "optional",
                "instance_metadata_tags": "disabled"
              }
            ],
            "monitoring": false,
            "network_interface": [],
            "outpost_arn": "",
            "password_data": "",
            "placement_group": "",
            "placement_partition_number": null,
            "primary_network_interface_id": "eni-06470844cec4132aa",
            "private_dns": "ip-172-23-6-95.ec2.internal",
            "private_dns_name_options": [
              {
                "enable_resource_name_dns_a_record": false,
                "enable_resource_name_dns_aaaa_record": false,
                "hostname_type": "ip-name"
              }
            ],
            "private_ip": "172.23.6.95",
            "public_dns": "ec2-3-91-16-77.compute-1.amazonaws.com",
            "public_ip": "3.91.16.77",
            "root_block_device": [
              {
                "delete_on_termination": true,
                "device_name": "/dev/sda1",
                "encrypted": false,
                "iops": 100,
                "kms_key_id": "",
                "tags": {},
                "throughput": 0,
                "volume_id": "vol-04b16714eba299406",
                "volume_size": 8,
                "volume_type": "gp2"
              }
            ],
            "secondary_private_ips": [],
            "security_groups": [],
            "source_dest_check": true,
            "subnet_id": "subnet-07066fc5d7e56d9bb",
            "tags": {
              "Name": "caldera_server",
              "environment": "caldera-test"
            },
            "tags_all": {
              "Name": "caldera_server",
              "environment": "caldera-test"
            },
            "tenancy": "default",
            "timeouts": null,
            "user_data": null,
            "user_data_base64": null,
            "user_data_replace_on_change": false,
            "volume_tags": null,
            "vpc_security_group_ids": [
              "sg-02519f89cfe779c67"
            ]
          },
          "sensitive_attributes": [],
          "private": "eyJlMmJmYjczMC1lY2FhLTExZTYtOGY4OC0zNDM2M2JjN2M0YzAiOnsiY3JlYXRlIjo2MDAwMDAwMDAwMDAsImRlbGV0ZSI6MTIwMDAwMDAwMDAwMCwidXBkYXRlIjo2MDAwMDAwMDAwMDB9LCJzY2hlbWFfdmVyc2lvbiI6IjEifQ==",
          "dependencies": [
            "aws_security_group.sg_caldera_server",
            "module.aws_rsa_key.aws_key_pair.worker",
            "module.aws_rsa_key.local_file.ssh_local",
            "module.aws_rsa_key.tls_private_key.ssh_key",
            "module.vpc.aws_cloudwatch_log_group.flow_log",
            "module.vpc.aws_customer_gateway.this",
            "module.vpc.aws_db_subnet_group.database",
            "module.vpc.aws_default_network_acl.this",
            "module.vpc.aws_default_route_table.default",
            "module.vpc.aws_default_security_group.this",
            "module.vpc.aws_default_vpc.this",
            "module.vpc.aws_egress_only_internet_gateway.this",
            "module.vpc.aws_eip.nat",
            "module.vpc.aws_elasticache_subnet_group.elasticache",
            "module.vpc.aws_flow_log.this",
            "module.vpc.aws_iam_policy.vpc_flow_log_cloudwatch",
            "module.vpc.aws_iam_role.vpc_flow_log_cloudwatch",
            "module.vpc.aws_iam_role_policy_attachment.vpc_flow_log_cloudwatch",
            "module.vpc.aws_internet_gateway.this",
            "module.vpc.aws_nat_gateway.this",
            "module.vpc.aws_network_acl.database",
            "module.vpc.aws_network_acl.elasticache",
            "module.vpc.aws_network_acl.intra",
            "module.vpc.aws_network_acl.outpost",
            "module.vpc.aws_network_acl.private",
            "module.vpc.aws_network_acl.public",
            "module.vpc.aws_network_acl.redshift",
            "module.vpc.aws_network_acl_rule.database_inbound",
            "module.vpc.aws_network_acl_rule.database_outbound",
            "module.vpc.aws_network_acl_rule.elasticache_inbound",
            "module.vpc.aws_network_acl_rule.elasticache_outbound",
            "module.vpc.aws_network_acl_rule.intra_inbound",
            "module.vpc.aws_network_acl_rule.intra_outbound",
            "module.vpc.aws_network_acl_rule.outpost_inbound",
            "module.vpc.aws_network_acl_rule.outpost_outbound",
            "module.vpc.aws_network_acl_rule.private_inbound",
            "module.vpc.aws_network_acl_rule.private_outbound",
            "module.vpc.aws_network_acl_rule.public_inbound",
            "module.vpc.aws_network_acl_rule.public_outbound",
            "module.vpc.aws_network_acl_rule.redshift_inbound",
            "module.vpc.aws_network_acl_rule.redshift_outbound",
            "module.vpc.aws_redshift_subnet_group.redshift",
            "module.vpc.aws_route.database_internet_gateway",
            "module.vpc.aws_route.database_ipv6_egress",
            "module.vpc.aws_route.database_nat_gateway",
            "module.vpc.aws_route.private_ipv6_egress",
            "module.vpc.aws_route.private_nat_gateway",
            "module.vpc.aws_route.public_internet_gateway",
            "module.vpc.aws_route.public_internet_gateway_ipv6",
            "module.vpc.aws_route_table.database",
            "module.vpc.aws_route_table.elasticache",
            "module.vpc.aws_route_table.intra",
            "module.vpc.aws_route_table.private",
            "module.vpc.aws_route_table.public",
            "module.vpc.aws_route_table.redshift",
            "module.vpc.aws_route_table_association.database",
            "module.vpc.aws_route_table_association.elasticache",
            "module.vpc.aws_route_table_association.intra",
            "module.vpc.aws_route_table_association.outpost",
            "module.vpc.aws_route_table_association.private",
            "module.vpc.aws_route_table_association.public",
            "module.vpc.aws_route_table_association.redshift",
            "module.vpc.aws_route_table_association.redshift_public",
            "module.vpc.aws_subnet.database",
            "module.vpc.aws_subnet.elasticache",
            "module.vpc.aws_subnet.intra",
            "module.vpc.aws_subnet.outpost",
            "module.vpc.aws_subnet.private",
            "module.vpc.aws_subnet.public",
            "module.vpc.aws_subnet.redshift",
            "module.vpc.aws_vpc.this",
            "module.vpc.aws_vpc_dhcp_options.this",
            "module.vpc.aws_vpc_dhcp_options_association.this",
            "module.vpc.aws_vpc_ipv4_cidr_block_association.this",
            "module.vpc.aws_vpn_gateway.this",
            "module.vpc.aws_vpn_gateway_attachment.this",
            "module.vpc.aws_vpn_gateway_route_propagation.intra",
            "module.vpc.aws_vpn_gateway_route_propagation.private",
            "module.vpc.aws_vpn_gateway_route_propagation.public",
            "module.vpc.data.aws_iam_policy_document.flow_log_cloudwatch_assume_role",
            "module.vpc.data.aws_iam_policy_document.vpc_flow_log_cloudwatch"
          ]
        }
      ]
    },
    {
      "mode": "managed",
      "type": "aws_instance",
      "name": "linux_host",
      "provider": "provider[\"registry.terraform.io/hashicorp/aws\"]",
      "instances": [
        {
          "schema_version": 1,
          "attributes": {
            "ami": "ami-09d56f8956ab235b3",
            "arn": "arn:aws:ec2:us-east-1:152329264931:instance/i-03e0e57a9b124843a",
            "associate_public_ip_address": false,
            "availability_zone": "us-east-1a",
            "capacity_reservation_specification": [
              {
                "capacity_reservation_preference": "open",
                "capacity_reservation_target": []
              }
            ],
            "cpu_core_count": 1,
            "cpu_threads_per_core": 1,
            "credit_specification": [
              {
                "cpu_credits": "standard"
              }
            ],
            "disable_api_stop": false,
            "disable_api_termination": false,
            "ebs_block_device": [],
            "ebs_optimized": false,
            "enclave_options": [
              {
                "enabled": false
              }
            ],
            "ephemeral_block_device": [],
            "get_password_data": false,
            "hibernation": false,
            "host_id": null,
            "iam_instance_profile": "",
            "id": "i-03e0e57a9b124843a",
            "instance_initiated_shutdown_behavior": "stop",
            "instance_state": "running",
            "instance_type": "t2.small",
            "ipv6_address_count": 0,
            "ipv6_addresses": [],
            "key_name": "caldera-nodes",
            "launch_template": [],
            "maintenance_options": [
              {
                "auto_recovery": "default"
              }
            ],
            "metadata_options": [
              {
                "http_endpoint": "enabled",
                "http_put_response_hop_limit": 1,
                "http_tokens": "optional",
                "instance_metadata_tags": "disabled"
              }
            ],
            "monitoring": false,
            "network_interface": [],
            "outpost_arn": "",
            "password_data": "",
            "placement_group": "",
            "placement_partition_number": null,
            "primary_network_interface_id": "eni-037919158cc601455",
            "private_dns": "ip-172-23-1-84.ec2.internal",
            "private_dns_name_options": [
              {
                "enable_resource_name_dns_a_record": false,
                "enable_resource_name_dns_aaaa_record": false,
                "hostname_type": "ip-name"
              }
            ],
            "private_ip": "172.23.1.84",
            "public_dns": "",
            "public_ip": "",
            "root_block_device": [
              {
                "delete_on_termination": true,
                "device_name": "/dev/sda1",
                "encrypted": false,
                "iops": 100,
                "kms_key_id": "",
                "tags": {},
                "throughput": 0,
                "volume_id": "vol-031a7c79091fc4b9c",
                "volume_size": 8,
                "volume_type": "gp2"
              }
            ],
            "secondary_private_ips": [],
            "security_groups": [],
            "source_dest_check": true,
            "subnet_id": "subnet-0e918b05b33a2d5e6",
            "tags": {
              "Name": "linux_host",
              "environment": "caldera-test"
            },
            "tags_all": {
              "Name": "linux_host",
              "environment": "caldera-test"
            },
            "tenancy": "default",
            "timeouts": null,
            "user_data": null,
            "user_data_base64": null,
            "user_data_replace_on_change": false,
            "volume_tags": null,
            "vpc_security_group_ids": [
              "sg-0b4db484bd37920b4"
            ]
          },
          "sensitive_attributes": [],
          "private": "eyJlMmJmYjczMC1lY2FhLTExZTYtOGY4OC0zNDM2M2JjN2M0YzAiOnsiY3JlYXRlIjo2MDAwMDAwMDAwMDAsImRlbGV0ZSI6MTIwMDAwMDAwMDAwMCwidXBkYXRlIjo2MDAwMDAwMDAwMDB9LCJzY2hlbWFfdmVyc2lvbiI6IjEifQ==",
          "dependencies": [
            "aws_instance.caldera_server",
            "aws_security_group.sg_caldera_linux",
            "aws_security_group.sg_caldera_server",
            "module.aws_rsa_key.aws_key_pair.worker",
            "module.aws_rsa_key.local_file.ssh_local",
            "module.aws_rsa_key.tls_private_key.ssh_key",
            "module.vpc.aws_cloudwatch_log_group.flow_log",
            "module.vpc.aws_customer_gateway.this",
            "module.vpc.aws_db_subnet_group.database",
            "module.vpc.aws_default_network_acl.this",
            "module.vpc.aws_default_route_table.default",
            "module.vpc.aws_default_security_group.this",
            "module.vpc.aws_default_vpc.this",
            "module.vpc.aws_egress_only_internet_gateway.this",
            "module.vpc.aws_eip.nat",
            "module.vpc.aws_elasticache_subnet_group.elasticache",
            "module.vpc.aws_flow_log.this",
            "module.vpc.aws_iam_policy.vpc_flow_log_cloudwatch",
            "module.vpc.aws_iam_role.vpc_flow_log_cloudwatch",
            "module.vpc.aws_iam_role_policy_attachment.vpc_flow_log_cloudwatch",
            "module.vpc.aws_internet_gateway.this",
            "module.vpc.aws_nat_gateway.this",
            "module.vpc.aws_network_acl.database",
            "module.vpc.aws_network_acl.elasticache",
            "module.vpc.aws_network_acl.intra",
            "module.vpc.aws_network_acl.outpost",
            "module.vpc.aws_network_acl.private",
            "module.vpc.aws_network_acl.public",
            "module.vpc.aws_network_acl.redshift",
            "module.vpc.aws_network_acl_rule.database_inbound",
            "module.vpc.aws_network_acl_rule.database_outbound",
            "module.vpc.aws_network_acl_rule.elasticache_inbound",
            "module.vpc.aws_network_acl_rule.elasticache_outbound",
            "module.vpc.aws_network_acl_rule.intra_inbound",
            "module.vpc.aws_network_acl_rule.intra_outbound",
            "module.vpc.aws_network_acl_rule.outpost_inbound",
            "module.vpc.aws_network_acl_rule.outpost_outbound",
            "module.vpc.aws_network_acl_rule.private_inbound",
            "module.vpc.aws_network_acl_rule.private_outbound",
            "module.vpc.aws_network_acl_rule.public_inbound",
            "module.vpc.aws_network_acl_rule.public_outbound",
            "module.vpc.aws_network_acl_rule.redshift_inbound",
            "module.vpc.aws_network_acl_rule.redshift_outbound",
            "module.vpc.aws_redshift_subnet_group.redshift",
            "module.vpc.aws_route.database_internet_gateway",
            "module.vpc.aws_route.database_ipv6_egress",
            "module.vpc.aws_route.database_nat_gateway",
            "module.vpc.aws_route.private_ipv6_egress",
            "module.vpc.aws_route.private_nat_gateway",
            "module.vpc.aws_route.public_internet_gateway",
            "module.vpc.aws_route.public_internet_gateway_ipv6",
            "module.vpc.aws_route_table.database",
            "module.vpc.aws_route_table.elasticache",
            "module.vpc.aws_route_table.intra",
            "module.vpc.aws_route_table.private",
            "module.vpc.aws_route_table.public",
            "module.vpc.aws_route_table.redshift",
            "module.vpc.aws_route_table_association.database",
            "module.vpc.aws_route_table_association.elasticache",
            "module.vpc.aws_route_table_association.intra",
            "module.vpc.aws_route_table_association.outpost",
            "module.vpc.aws_route_table_association.private",
            "module.vpc.aws_route_table_association.public",
            "module.vpc.aws_route_table_association.redshift",
            "module.vpc.aws_route_table_association.redshift_public",
            "module.vpc.aws_subnet.database",
            "module.vpc.aws_subnet.elasticache",
            "module.vpc.aws_subnet.intra",
            "module.vpc.aws_subnet.outpost",
            "module.vpc.aws_subnet.private",
            "module.vpc.aws_subnet.public",
            "module.vpc.aws_subnet.redshift",
            "module.vpc.aws_vpc.this",
            "module.vpc.aws_vpc_dhcp_options.this",
            "module.vpc.aws_vpc_dhcp_options_association.this",
            "module.vpc.aws_vpc_ipv4_cidr_block_association.this",
            "module.vpc.aws_vpn_gateway.this",
            "module.vpc.aws_vpn_gateway_attachment.this",
            "module.vpc.aws_vpn_gateway_route_propagation.intra",
            "module.vpc.aws_vpn_gateway_route_propagation.private",
            "module.vpc.aws_vpn_gateway_route_propagation.public",
            "module.vpc.data.aws_iam_policy_document.flow_log_cloudwatch_assume_role",
            "module.vpc.data.aws_iam_policy_document.vpc_flow_log_cloudwatch"
          ]
        }
      ]
    },
    {
      "mode": "managed",
      "type": "aws_instance",
      "name": "windows_host",
      "provider": "provider[\"registry.terraform.io/hashicorp/aws\"]",
      "instances": [
        {
          "schema_version": 1,
          "attributes": {
            "ami": "ami-0193dcf9aa4f5654e",
            "arn": "arn:aws:ec2:us-east-1:152329264931:instance/i-0831540644511a6b3",
            "associate_public_ip_address": true,
            "availability_zone": "us-east-1a",
            "capacity_reservation_specification": [
              {
                "capacity_reservation_preference": "open",
                "capacity_reservation_target": []
              }
            ],
            "cpu_core_count": 1,
            "cpu_threads_per_core": 2,
            "credit_specification": [
              {
                "cpu_credits": "unlimited"
              }
            ],
            "disable_api_stop": false,
            "disable_api_termination": false,
            "ebs_block_device": [],
            "ebs_optimized": false,
            "enclave_options": [
              {
                "enabled": false
              }
            ],
            "ephemeral_block_device": [],
            "get_password_data": false,
            "hibernation": false,
            "host_id": null,
            "iam_instance_profile": "",
            "id": "i-0831540644511a6b3",
            "instance_initiated_shutdown_behavior": "stop",
            "instance_state": "running",
            "instance_type": "t3.medium",
            "ipv6_address_count": 0,
            "ipv6_addresses": [],
            "key_name": "caldera-nodes",
            "launch_template": [],
            "maintenance_options": [
              {
                "auto_recovery": "default"
              }
            ],
            "metadata_options": [
              {
                "http_endpoint": "enabled",
                "http_put_response_hop_limit": 1,
                "http_tokens": "optional",
                "instance_metadata_tags": "disabled"
              }
            ],
            "monitoring": false,
            "network_interface": [],
            "outpost_arn": "",
            "password_data": "",
            "placement_group": "",
            "placement_partition_number": null,
            "primary_network_interface_id": "eni-0a42ca737f3031e6a",
            "private_dns": "ip-172-23-5-250.ec2.internal",
            "private_dns_name_options": [
              {
                "enable_resource_name_dns_a_record": false,
                "enable_resource_name_dns_aaaa_record": false,
                "hostname_type": "ip-name"
              }
            ],
            "private_ip": "172.23.5.250",
            "public_dns": "ec2-54-209-209-38.compute-1.amazonaws.com",
            "public_ip": "54.209.209.38",
            "root_block_device": [
              {
                "delete_on_termination": true,
                "device_name": "/dev/sda1",
                "encrypted": false,
                "iops": 100,
                "kms_key_id": "",
                "tags": {},
                "throughput": 0,
                "volume_id": "vol-053a25241606fea94",
                "volume_size": 30,
                "volume_type": "gp2"
              }
            ],
            "secondary_private_ips": [],
            "security_groups": [],
            "source_dest_check": true,
            "subnet_id": "subnet-07066fc5d7e56d9bb",
            "tags": {
              "Name": "windows_host",
              "environment": "caldera-test"
            },
            "tags_all": {
              "Name": "windows_host",
              "environment": "caldera-test"
            },
            "tenancy": "default",
            "timeouts": null,
            "user_data": "fdf71b3ecd056bac9fc1e159853d4219097c69cc",
            "user_data_base64": null,
            "user_data_replace_on_change": false,
            "volume_tags": null,
            "vpc_security_group_ids": [
              "sg-0d64f5a6045d48371"
            ]
          },
          "sensitive_attributes": [],
          "private": "eyJlMmJmYjczMC1lY2FhLTExZTYtOGY4OC0zNDM2M2JjN2M0YzAiOnsiY3JlYXRlIjo2MDAwMDAwMDAwMDAsImRlbGV0ZSI6MTIwMDAwMDAwMDAwMCwidXBkYXRlIjo2MDAwMDAwMDAwMDB9LCJzY2hlbWFfdmVyc2lvbiI6IjEifQ==",
          "dependencies": [
            "aws_instance.caldera_server",
            "aws_security_group.sg_caldera_server",
            "aws_security_group.sg_caldera_windows",
            "module.aws_rsa_key.aws_key_pair.worker",
            "module.aws_rsa_key.local_file.ssh_local",
            "module.aws_rsa_key.tls_private_key.ssh_key",
            "module.vpc.aws_cloudwatch_log_group.flow_log",
            "module.vpc.aws_customer_gateway.this",
            "module.vpc.aws_db_subnet_group.database",
            "module.vpc.aws_default_network_acl.this",
            "module.vpc.aws_default_route_table.default",
            "module.vpc.aws_default_security_group.this",
            "module.vpc.aws_default_vpc.this",
            "module.vpc.aws_egress_only_internet_gateway.this",
            "module.vpc.aws_eip.nat",
            "module.vpc.aws_elasticache_subnet_group.elasticache",
            "module.vpc.aws_flow_log.this",
            "module.vpc.aws_iam_policy.vpc_flow_log_cloudwatch",
            "module.vpc.aws_iam_role.vpc_flow_log_cloudwatch",
            "module.vpc.aws_iam_role_policy_attachment.vpc_flow_log_cloudwatch",
            "module.vpc.aws_internet_gateway.this",
            "module.vpc.aws_nat_gateway.this",
            "module.vpc.aws_network_acl.database",
            "module.vpc.aws_network_acl.elasticache",
            "module.vpc.aws_network_acl.intra",
            "module.vpc.aws_network_acl.outpost",
            "module.vpc.aws_network_acl.private",
            "module.vpc.aws_network_acl.public",
            "module.vpc.aws_network_acl.redshift",
            "module.vpc.aws_network_acl_rule.database_inbound",
            "module.vpc.aws_network_acl_rule.database_outbound",
            "module.vpc.aws_network_acl_rule.elasticache_inbound",
            "module.vpc.aws_network_acl_rule.elasticache_outbound",
            "module.vpc.aws_network_acl_rule.intra_inbound",
            "module.vpc.aws_network_acl_rule.intra_outbound",
            "module.vpc.aws_network_acl_rule.outpost_inbound",
            "module.vpc.aws_network_acl_rule.outpost_outbound",
            "module.vpc.aws_network_acl_rule.private_inbound",
            "module.vpc.aws_network_acl_rule.private_outbound",
            "module.vpc.aws_network_acl_rule.public_inbound",
            "module.vpc.aws_network_acl_rule.public_outbound",
            "module.vpc.aws_network_acl_rule.redshift_inbound",
            "module.vpc.aws_network_acl_rule.redshift_outbound",
            "module.vpc.aws_redshift_subnet_group.redshift",
            "module.vpc.aws_route.database_internet_gateway",
            "module.vpc.aws_route.database_ipv6_egress",
            "module.vpc.aws_route.database_nat_gateway",
            "module.vpc.aws_route.private_ipv6_egress",
            "module.vpc.aws_route.private_nat_gateway",
            "module.vpc.aws_route.public_internet_gateway",
            "module.vpc.aws_route.public_internet_gateway_ipv6",
            "module.vpc.aws_route_table.database",
            "module.vpc.aws_route_table.elasticache",
            "module.vpc.aws_route_table.intra",
            "module.vpc.aws_route_table.private",
            "module.vpc.aws_route_table.public",
            "module.vpc.aws_route_table.redshift",
            "module.vpc.aws_route_table_association.database",
            "module.vpc.aws_route_table_association.elasticache",
            "module.vpc.aws_route_table_association.intra",
            "module.vpc.aws_route_table_association.outpost",
            "module.vpc.aws_route_table_association.private",
            "module.vpc.aws_route_table_association.public",
            "module.vpc.aws_route_table_association.redshift",
            "module.vpc.aws_route_table_association.redshift_public",
            "module.vpc.aws_subnet.database",
            "module.vpc.aws_subnet.elasticache",
            "module.vpc.aws_subnet.intra",
            "module.vpc.aws_subnet.outpost",
            "module.vpc.aws_subnet.private",
            "module.vpc.aws_subnet.public",
            "module.vpc.aws_subnet.redshift",
            "module.vpc.aws_vpc.this",
            "module.vpc.aws_vpc_dhcp_options.this",
            "module.vpc.aws_vpc_dhcp_options_association.this",
            "module.vpc.aws_vpc_ipv4_cidr_block_association.this",
            "module.vpc.aws_vpn_gateway.this",
            "module.vpc.aws_vpn_gateway_attachment.this",
            "module.vpc.aws_vpn_gateway_route_propagation.intra",
            "module.vpc.aws_vpn_gateway_route_propagation.private",
            "module.vpc.aws_vpn_gateway_route_propagation.public",
            "module.vpc.data.aws_iam_policy_document.flow_log_cloudwatch_assume_role",
            "module.vpc.data.aws_iam_policy_document.vpc_flow_log_cloudwatch"
          ]
        }
      ]
    },
    {
      "mode": "managed",
      "type": "aws_security_group",
      "name": "sg_caldera_linux",
      "provider": "provider[\"registry.terraform.io/hashicorp/aws\"]",
      "instances": [
        {
          "schema_version": 1,
          "attributes": {
            "arn": "arn:aws:ec2:us-east-1:152329264931:security-group/sg-0b4db484bd37920b4",
            "description": "Allow ssh access for linux host",
            "egress": [
              {
                "cidr_blocks": [
                  "0.0.0.0/0"
                ],
                "description": "",
                "from_port": 0,
                "ipv6_cidr_blocks": [],
                "prefix_list_ids": [],
                "protocol": "-1",
                "security_groups": [],
                "self": false,
                "to_port": 0
              }
            ],
            "id": "sg-0b4db484bd37920b4",
            "ingress": [
              {
                "cidr_blocks": [
                  "172.23.0.0/16"
                ],
                "description": "SSH port",
                "from_port": 22,
                "ipv6_cidr_blocks": [],
                "prefix_list_ids": [],
                "protocol": "tcp",
                "security_groups": [],
                "self": false,
                "to_port": 22
              }
            ],
            "name": "sg_caldera_linux",
            "name_prefix": "",
            "owner_id": "152329264931",
            "revoke_rules_on_delete": false,
            "tags": {
              "environment": "caldera-test"
            },
            "tags_all": {
              "environment": "caldera-test"
            },
            "timeouts": null,
            "vpc_id": "vpc-0a12b87907bbba298"
          },
          "sensitive_attributes": [],
          "private": "eyJlMmJmYjczMC1lY2FhLTExZTYtOGY4OC0zNDM2M2JjN2M0YzAiOnsiY3JlYXRlIjo2MDAwMDAwMDAwMDAsImRlbGV0ZSI6OTAwMDAwMDAwMDAwfSwic2NoZW1hX3ZlcnNpb24iOiIxIn0=",
          "dependencies": [
            "module.vpc.aws_vpc.this"
          ]
        }
      ]
    },
    {
      "mode": "managed",
      "type": "aws_security_group",
      "name": "sg_caldera_server",
      "provider": "provider[\"registry.terraform.io/hashicorp/aws\"]",
      "instances": [
        {
          "schema_version": 1,
          "attributes": {
            "arn": "arn:aws:ec2:us-east-1:152329264931:security-group/sg-02519f89cfe779c67",
            "description": "Allow ports for caldera server",
            "egress": [
              {
                "cidr_blocks": [
                  "0.0.0.0/0"
                ],
                "description": "",
                "from_port": 0,
                "ipv6_cidr_blocks": [],
                "prefix_list_ids": [],
                "protocol": "-1",
                "security_groups": [],
                "self": false,
                "to_port": 0
              }
            ],
            "id": "sg-02519f89cfe779c67",
            "ingress": [
              {
                "cidr_blocks": [
                  "0.0.0.0/0"
                ],
                "description": "Caldera server port",
                "from_port": 2288,
                "ipv6_cidr_blocks": [],
                "prefix_list_ids": [],
                "protocol": "tcp",
                "security_groups": [],
                "self": false,
                "to_port": 2288
              },
              {
                "cidr_blocks": [
                  "0.0.0.0/0"
                ],
                "description": "SSH from VPC",
                "from_port": 22,
                "ipv6_cidr_blocks": [],
                "prefix_list_ids": [],
                "protocol": "tcp",
                "security_groups": [],
                "self": false,
                "to_port": 22
              }
            ],
            "name": "sg_caldera_server",
            "name_prefix": "",
            "owner_id": "152329264931",
            "revoke_rules_on_delete": false,
            "tags": {
              "environment": "caldera-test"
            },
            "tags_all": {
              "environment": "caldera-test"
            },
            "timeouts": null,
            "vpc_id": "vpc-0a12b87907bbba298"
          },
          "sensitive_attributes": [],
          "private": "eyJlMmJmYjczMC1lY2FhLTExZTYtOGY4OC0zNDM2M2JjN2M0YzAiOnsiY3JlYXRlIjo2MDAwMDAwMDAwMDAsImRlbGV0ZSI6OTAwMDAwMDAwMDAwfSwic2NoZW1hX3ZlcnNpb24iOiIxIn0=",
          "dependencies": [
            "module.vpc.aws_vpc.this"
          ]
        }
      ]
    },
    {
      "mode": "managed",
      "type": "aws_security_group",
      "name": "sg_caldera_windows",
      "provider": "provider[\"registry.terraform.io/hashicorp/aws\"]",
      "instances": [
        {
          "schema_version": 1,
          "attributes": {
            "arn": "arn:aws:ec2:us-east-1:152329264931:security-group/sg-0d64f5a6045d48371",
            "description": "Allow RDP for windows host",
            "egress": [
              {
                "cidr_blocks": [
                  "0.0.0.0/0"
                ],
                "description": "",
                "from_port": 0,
                "ipv6_cidr_blocks": [],
                "prefix_list_ids": [],
                "protocol": "-1",
                "security_groups": [],
                "self": false,
                "to_port": 0
              }
            ],
            "id": "sg-0d64f5a6045d48371",
            "ingress": [
              {
                "cidr_blocks": [
                  "0.0.0.0/0"
                ],
                "description": "RDP port",
                "from_port": 3389,
                "ipv6_cidr_blocks": [],
                "prefix_list_ids": [],
                "protocol": "tcp",
                "security_groups": [],
                "self": false,
                "to_port": 3389
              }
            ],
            "name": "sg_caldera_windows",
            "name_prefix": "",
            "owner_id": "152329264931",
            "revoke_rules_on_delete": false,
            "tags": {
              "environment": "caldera-test"
            },
            "tags_all": {
              "environment": "caldera-test"
            },
            "timeouts": null,
            "vpc_id": "vpc-0a12b87907bbba298"
          },
          "sensitive_attributes": [],
          "private": "eyJlMmJmYjczMC1lY2FhLTExZTYtOGY4OC0zNDM2M2JjN2M0YzAiOnsiY3JlYXRlIjo2MDAwMDAwMDAwMDAsImRlbGV0ZSI6OTAwMDAwMDAwMDAwfSwic2NoZW1hX3ZlcnNpb24iOiIxIn0=",
          "dependencies": [
            "module.vpc.aws_vpc.this"
          ]
        }
      ]
    },
    {
      "module": "module.aws_rsa_key",
      "mode": "managed",
      "type": "aws_key_pair",
      "name": "worker",
      "provider": "provider[\"registry.terraform.io/hashicorp/aws\"]",
      "instances": [
        {
          "schema_version": 1,
          "attributes": {
            "arn": "arn:aws:ec2:us-east-1:152329264931:key-pair/caldera-nodes",
            "fingerprint": "23:cd:39:43:0e:57:35:c8:48:16:46:17:f1:26:f6:b1",
            "id": "caldera-nodes",
            "key_name": "caldera-nodes",
            "key_name_prefix": "",
            "key_pair_id": "key-01ce6e61679cfe774",
            "key_type": "rsa",
            "public_key": "ssh-rsa AAAAB3NzaC1yc2EAAAADAQABAAACAQCaIs8dMVksnJondJOzR7o5ve+YhoCbuXNRcz3ujb0qNWOsomSdd26rkkuQzjGvhSUI3v4o0l7GlmVS8+CHzh5cU+Hk10XKqW9OdH45DTAG6/CGRInSxNsAEKGqm2YksYWIqEKS3MfRRI9W4wGw2i0cyMbiTMc654zsWMrXk0EcGI890iak76m6HlQt9l+Txa6ToWXgqjFXRR1gL+LwQQj0QbTZChZiotwnszEAQPlRxIWS0414rbtq93h5KZ0gNmC2dYPBK6tOirCvRLl/Y9QYes6h0m7kpUZ2mHK2NDeEKaaAjaZ647psJjv8rqabjDKxLya6+Zs/OqUbo2MeS8PEn1e/FDGq0x3UdDY5t9KNAg01Bn8Byp+br0qSl7TuWEoiuizf27Kshvwz0nOCo8sCZ/N4mX0vb6dWGeDTOgEdZwpPvMPCATLlK9qxrwUqPzbU25fVSwFx3i1X7kuSWal/aIg8FfiJwugEFpId3C08RVUtL/cnHPj08UO6FWKvBLofsPS5wUqDxonikgVMKAnPuujXUWG8qJXBKO5J61T1w9HrKoO4tB3qd09TmfO/7PkBRl7nl5nIdISI9JrM6l78B57+DHz/iWHAg+FTv37k/LXgZWZYJ9INAccyGt2zFV1zhsv0J91ekE8dGF9D/H2kVyR5RL9E4XgRx60K27vIhw==",
            "tags": {},
            "tags_all": {}
          },
          "sensitive_attributes": [],
          "private": "eyJzY2hlbWFfdmVyc2lvbiI6IjEifQ==",
          "dependencies": [
            "module.aws_rsa_key.tls_private_key.ssh_key",
            "module.vpc.aws_cloudwatch_log_group.flow_log",
            "module.vpc.aws_customer_gateway.this",
            "module.vpc.aws_db_subnet_group.database",
            "module.vpc.aws_default_network_acl.this",
            "module.vpc.aws_default_route_table.default",
            "module.vpc.aws_default_security_group.this",
            "module.vpc.aws_default_vpc.this",
            "module.vpc.aws_egress_only_internet_gateway.this",
            "module.vpc.aws_eip.nat",
            "module.vpc.aws_elasticache_subnet_group.elasticache",
            "module.vpc.aws_flow_log.this",
            "module.vpc.aws_iam_policy.vpc_flow_log_cloudwatch",
            "module.vpc.aws_iam_role.vpc_flow_log_cloudwatch",
            "module.vpc.aws_iam_role_policy_attachment.vpc_flow_log_cloudwatch",
            "module.vpc.aws_internet_gateway.this",
            "module.vpc.aws_nat_gateway.this",
            "module.vpc.aws_network_acl.database",
            "module.vpc.aws_network_acl.elasticache",
            "module.vpc.aws_network_acl.intra",
            "module.vpc.aws_network_acl.outpost",
            "module.vpc.aws_network_acl.private",
            "module.vpc.aws_network_acl.public",
            "module.vpc.aws_network_acl.redshift",
            "module.vpc.aws_network_acl_rule.database_inbound",
            "module.vpc.aws_network_acl_rule.database_outbound",
            "module.vpc.aws_network_acl_rule.elasticache_inbound",
            "module.vpc.aws_network_acl_rule.elasticache_outbound",
            "module.vpc.aws_network_acl_rule.intra_inbound",
            "module.vpc.aws_network_acl_rule.intra_outbound",
            "module.vpc.aws_network_acl_rule.outpost_inbound",
            "module.vpc.aws_network_acl_rule.outpost_outbound",
            "module.vpc.aws_network_acl_rule.private_inbound",
            "module.vpc.aws_network_acl_rule.private_outbound",
            "module.vpc.aws_network_acl_rule.public_inbound",
            "module.vpc.aws_network_acl_rule.public_outbound",
            "module.vpc.aws_network_acl_rule.redshift_inbound",
            "module.vpc.aws_network_acl_rule.redshift_outbound",
            "module.vpc.aws_redshift_subnet_group.redshift",
            "module.vpc.aws_route.database_internet_gateway",
            "module.vpc.aws_route.database_ipv6_egress",
            "module.vpc.aws_route.database_nat_gateway",
            "module.vpc.aws_route.private_ipv6_egress",
            "module.vpc.aws_route.private_nat_gateway",
            "module.vpc.aws_route.public_internet_gateway",
            "module.vpc.aws_route.public_internet_gateway_ipv6",
            "module.vpc.aws_route_table.database",
            "module.vpc.aws_route_table.elasticache",
            "module.vpc.aws_route_table.intra",
            "module.vpc.aws_route_table.private",
            "module.vpc.aws_route_table.public",
            "module.vpc.aws_route_table.redshift",
            "module.vpc.aws_route_table_association.database",
            "module.vpc.aws_route_table_association.elasticache",
            "module.vpc.aws_route_table_association.intra",
            "module.vpc.aws_route_table_association.outpost",
            "module.vpc.aws_route_table_association.private",
            "module.vpc.aws_route_table_association.public",
            "module.vpc.aws_route_table_association.redshift",
            "module.vpc.aws_route_table_association.redshift_public",
            "module.vpc.aws_subnet.database",
            "module.vpc.aws_subnet.elasticache",
            "module.vpc.aws_subnet.intra",
            "module.vpc.aws_subnet.outpost",
            "module.vpc.aws_subnet.private",
            "module.vpc.aws_subnet.public",
            "module.vpc.aws_subnet.redshift",
            "module.vpc.aws_vpc.this",
            "module.vpc.aws_vpc_dhcp_options.this",
            "module.vpc.aws_vpc_dhcp_options_association.this",
            "module.vpc.aws_vpc_ipv4_cidr_block_association.this",
            "module.vpc.aws_vpn_gateway.this",
            "module.vpc.aws_vpn_gateway_attachment.this",
            "module.vpc.aws_vpn_gateway_route_propagation.intra",
            "module.vpc.aws_vpn_gateway_route_propagation.private",
            "module.vpc.aws_vpn_gateway_route_propagation.public",
            "module.vpc.data.aws_iam_policy_document.flow_log_cloudwatch_assume_role",
            "module.vpc.data.aws_iam_policy_document.vpc_flow_log_cloudwatch"
          ]
        }
      ]
    },
    {
      "module": "module.aws_rsa_key",
      "mode": "managed",
      "type": "tls_private_key",
      "name": "ssh_key",
      "provider": "provider[\"registry.terraform.io/hashicorp/tls\"]",
      "instances": [
        {
          "schema_version": 1,
          "attributes": {
            "algorithm": "RSA",
            "ecdsa_curve": "P224",
            "id": "886cf93fea897d43a6a481d2697abd483538543e",
            "private_key_openssh": "-----BEGIN OPENSSH PRIVATE KEY-----\nb3BlbnNzaC1rZXktdjEAAAAABG5vbmUAAAAEbm9uZQAAAAAAAAABAAACFwAAAAdz\nc2gtcnNhAAAAAwEAAQAAAgEAmiLPHTFZLJyaJ3STs0e6Ob3vmIaAm7lzUXM97o29\nKjVjrKJknXduq5JLkM4xr4UlCN7+KNJexpZlUvPgh84eXFPh5NdFyqlvTnR+OQ0w\nBuvwhkSJ0sTbABChqptmJLGFiKhCktzH0USPVuMBsNotHMjG4kzHOueM7FjK15NB\nHBiPPdImpO+puh5ULfZfk8Wuk6Fl4KoxV0UdYC/i8EEI9EG02QoWYqLcJ7MxAED5\nUcSFktONeK27avd4eSmdIDZgtnWDwSurToqwr0S5f2PUGHrOodJu5KVGdphytjQ3\nhCmmgI2meuO6bCY7/K6mm4wysS8muvmbPzqlG6NjHkvDxJ9XvxQxqtMd1HQ2ObfS\njQINNQZ/Acqfm69Kkpe07lhKIros39uyrIb8M9JzgqPLAmfzeJl9L2+nVhng0zoB\nHWcKT7zDwgEy5Svasa8FKj821NuX1UsBcd4tV+5Lklmpf2iIPBX4icLoBBaSHdwt\nPEVVLS/3Jxz49PFDuhVirwS6H7D0ucFKg8aJ4pIFTCgJz7ro11FhvKiVwSjuSetU\n9cPR6yqDuLQd6ndPU5nzv+z5AUZe55eZyHSEiPSazOpe/Aee/gx8/4lhwIPhU79+\n5Py14GVmWCfSDQHHMhrdsxVdc4bL9CfdXpBPHRhfQ/x9pFckeUS/ROF4EcetCtu7\nyIcAAAc4ESQlrxEkJa8AAAAHc3NoLXJzYQAAAgEAmiLPHTFZLJyaJ3STs0e6Ob3v\nmIaAm7lzUXM97o29KjVjrKJknXduq5JLkM4xr4UlCN7+KNJexpZlUvPgh84eXFPh\n5NdFyqlvTnR+OQ0wBuvwhkSJ0sTbABChqptmJLGFiKhCktzH0USPVuMBsNotHMjG\n4kzHOueM7FjK15NBHBiPPdImpO+puh5ULfZfk8Wuk6Fl4KoxV0UdYC/i8EEI9EG0\n2QoWYqLcJ7MxAED5UcSFktONeK27avd4eSmdIDZgtnWDwSurToqwr0S5f2PUGHrO\nodJu5KVGdphytjQ3hCmmgI2meuO6bCY7/K6mm4wysS8muvmbPzqlG6NjHkvDxJ9X\nvxQxqtMd1HQ2ObfSjQINNQZ/Acqfm69Kkpe07lhKIros39uyrIb8M9JzgqPLAmfz\neJl9L2+nVhng0zoBHWcKT7zDwgEy5Svasa8FKj821NuX1UsBcd4tV+5Lklmpf2iI\nPBX4icLoBBaSHdwtPEVVLS/3Jxz49PFDuhVirwS6H7D0ucFKg8aJ4pIFTCgJz7ro\n11FhvKiVwSjuSetU9cPR6yqDuLQd6ndPU5nzv+z5AUZe55eZyHSEiPSazOpe/Aee\n/gx8/4lhwIPhU79+5Py14GVmWCfSDQHHMhrdsxVdc4bL9CfdXpBPHRhfQ/x9pFck\neUS/ROF4EcetCtu7yIcAAAADAQABAAACAAOpcgw6gOjba5omXd/zg0wd5BRWlbWd\naUz1FPKW8XiQPib60LMhBEMVPbBaBboqyp90VMt5fADxz8RxwNLZJcWBxKsgJitT\nbS6K+/i1BIAVmOhHtpKIVL+ipYSdHocepJKDlNlSX3jsTQ9+YyrldA7sAjWcJ1uR\n5royvdbzS6e0Oar5VCu0+e5PDCbvZIPpPWWKfxYgVP3CyZjgal7U3LaY3QgPAksj\nnWFgE3jzEjlMFvRPDFxinEJFUNpoD7CVOiT7k77CH9bE2r+/PTz2jTJrsH8Ntc6+\n0na81nTXtr3wE2GYe+0Nff9VxTUSnSiy4v1splno1jRhW0zVy+QLXsJCqYx34vI3\nmiqFMVAkz1arlcN7kBryJvFOJb+yEPBN33N8vmnpnjl+pmshnOeNF3qWme5ygXP3\nsJsHsqtTM6QY527tNr/i99LvLqduL9iy2reVjdbakQDqsyhz3dzw0lEXMVLz1pDP\npNP6zg9G/yyh56lVef0lvyYqWh6FOEgDg5HGRhK0o9EU5QMDfTphXmIRfabJLlt6\ng13YhkzmoNXDl8/l/cenoZIuYKeHK3OcsL/qNJ3nZs6TNKnM59EyFuSqh/CPESOg\nyByDy679qEGD/icIi8YJSoVhLngAoTJ+ma6h1jbv0OZLvHD2lTdIMo/BLdgNEGlG\n5OUDW88Q5kIpAAABAGUAU2f+R7+ehdGCU8SFh8QwL18E/0kUMhtBvl1xAs+QzJC0\nf9VJwms9kGb+VAuKt7AtjN1yYc7H+W0fpCwJ1cl0L51wxhaSbUw3+IBDDBCMrkTd\nEcrWXI0XgsAv8qpG6GqhvcwMlJD9t6XKwkjVNNuu6oxhVmVixExIkR9j34JXZ2P6\nc+K8dm44e1cPdprMSjyyypFAP/aKqnp8hEu4IRsy75OzTyjr13typpfIU4AOA0EP\nuJA37aUjjfqLnsxMpz66tDQSMUctXewkI7bLPorAUyd+AHmuJqw/X7TezyPtKd5a\n4hnK8jtmy4H+2lhy1aRcuyoIhmocVmzlWpW3QuYAAAEBAMD0VhxMTAf9GO+kNfXB\nPTy2g8w+VEnHjJZVVxZbB59jp6BZZSlfErycX9d1A+9f74taPR2TbPIfFdigV8dT\ncr6UM7eUdAO4H6iNfn55OMh4ealhoy+t9KZ38RO6BC0Hfgobocjpjof4wvwNpz1p\ndGAaG0r/bVDZcUE+IfBMkEoOlhXZndV4Xt3gZkPggWNUVuzGO9dIJUbo+YokDk2I\nHq9UIRiAjEXyRCPoqxILr+qoHHCg0KpzQCB8w1Tj9MYBbkJoTzyNQd6OUNcVJYF5\nA8TCP+EvNltOz+JkJqW/25SLD1Bm4V6u8jYR8pjgqYb8/OCMASl1zQe63crGT6//\ni/UAAAEBAMx/gRD74OxHBZyaWD/ExybEg00Qa11ZDXBBYlaplV2wKdiRcH9VjiMs\nutG4GMQIeZw5snOLTjkKMBeJ+T/g6ob/QzW91tU+nD4mIcmTMktEx1bOtZM1+o2v\n822BzYcFVCbyam2xUgJE+na/+CxBSxasJpamuqm1+NX0rh8JF7Fd4mr0zYpmKrYB\ndvYj07ablhetKraVIDMBZXrsMpXJfL5n10GVEjheUlD2Nh/VMLR8h53qyyBVER9g\njp1Pkpu4Bjg1Bh4VxZKI5+FhA8Ql6bo51FuiuwbKKEpTOvVUkqUhHBybNFJ/dps6\nQYM/KPEr0mtREtb6KYl5elFHAr2vkQsAAAAAAQID\n-----END OPENSSH PRIVATE KEY-----\n",
            "private_key_pem": "-----BEGIN RSA PRIVATE KEY-----\nMIIJKQIBAAKCAgEAmiLPHTFZLJyaJ3STs0e6Ob3vmIaAm7lzUXM97o29KjVjrKJk\nnXduq5JLkM4xr4UlCN7+KNJexpZlUvPgh84eXFPh5NdFyqlvTnR+OQ0wBuvwhkSJ\n0sTbABChqptmJLGFiKhCktzH0USPVuMBsNotHMjG4kzHOueM7FjK15NBHBiPPdIm\npO+puh5ULfZfk8Wuk6Fl4KoxV0UdYC/i8EEI9EG02QoWYqLcJ7MxAED5UcSFktON\neK27avd4eSmdIDZgtnWDwSurToqwr0S5f2PUGHrOodJu5KVGdphytjQ3hCmmgI2m\neuO6bCY7/K6mm4wysS8muvmbPzqlG6NjHkvDxJ9XvxQxqtMd1HQ2ObfSjQINNQZ/\nAcqfm69Kkpe07lhKIros39uyrIb8M9JzgqPLAmfzeJl9L2+nVhng0zoBHWcKT7zD\nwgEy5Svasa8FKj821NuX1UsBcd4tV+5Lklmpf2iIPBX4icLoBBaSHdwtPEVVLS/3\nJxz49PFDuhVirwS6H7D0ucFKg8aJ4pIFTCgJz7ro11FhvKiVwSjuSetU9cPR6yqD\nuLQd6ndPU5nzv+z5AUZe55eZyHSEiPSazOpe/Aee/gx8/4lhwIPhU79+5Py14GVm\nWCfSDQHHMhrdsxVdc4bL9CfdXpBPHRhfQ/x9pFckeUS/ROF4EcetCtu7yIcCAwEA\nAQKCAgADqXIMOoDo22uaJl3f84NMHeQUVpW1nWlM9RTylvF4kD4m+tCzIQRDFT2w\nWgW6KsqfdFTLeXwA8c/EccDS2SXFgcSrICYrU20uivv4tQSAFZjoR7aSiFS/oqWE\nnR6HHqSSg5TZUl947E0PfmMq5XQO7AI1nCdbkea6Mr3W80untDmq+VQrtPnuTwwm\n72SD6T1lin8WIFT9wsmY4Gpe1Ny2mN0IDwJLI51hYBN48xI5TBb0TwxcYpxCRVDa\naA+wlTok+5O+wh/WxNq/vz089o0ya7B/DbXOvtJ2vNZ017a98BNhmHvtDX3/VcU1\nEp0osuL9bKZZ6NY0YVtM1cvkC17CQqmMd+LyN5oqhTFQJM9Wq5XDe5Aa8ibxTiW/\nshDwTd9zfL5p6Z45fqZrIZznjRd6lpnucoFz97CbB7KrUzOkGOdu7Ta/4vfS7y6n\nbi/Ystq3lY3W2pEA6rMoc93c8NJRFzFS89aQz6TT+s4PRv8soeepVXn9Jb8mKloe\nhThIA4ORxkYStKPRFOUDA306YV5iEX2myS5beoNd2IZM5qDVw5fP5f3Hp6GSLmCn\nhytznLC/6jSd52bOkzSpzOfRMhbkqofwjxEjoMgcg8uu/ahBg/4nCIvGCUqFYS54\nAKEyfpmuodY279DmS7xw9pU3SDKPwS3YDRBpRuTlA1vPEOZCKQKCAQEAwPRWHExM\nB/0Y76Q19cE9PLaDzD5USceMllVXFlsHn2OnoFllKV8SvJxf13UD71/vi1o9HZNs\n8h8V2KBXx1NyvpQzt5R0A7gfqI1+fnk4yHh5qWGjL630pnfxE7oELQd+ChuhyOmO\nh/jC/A2nPWl0YBobSv9tUNlxQT4h8EyQSg6WFdmd1Xhe3eBmQ+CBY1RW7MY710gl\nRuj5iiQOTYger1QhGICMRfJEI+irEguv6qgccKDQqnNAIHzDVOP0xgFuQmhPPI1B\n3o5Q1xUlgXkDxMI/4S82W07P4mQmpb/blIsPUGbhXq7yNhHymOCphvz84IwBKXXN\nB7rdysZPr/+L9QKCAQEAzH+BEPvg7EcFnJpYP8THJsSDTRBrXVkNcEFiVqmVXbAp\n2JFwf1WOIyy60bgYxAh5nDmyc4tOOQowF4n5P+Dqhv9DNb3W1T6cPiYhyZMyS0TH\nVs61kzX6ja/zbYHNhwVUJvJqbbFSAkT6dr/4LEFLFqwmlqa6qbX41fSuHwkXsV3i\navTNimYqtgF29iPTtpuWF60qtpUgMwFleuwylcl8vmfXQZUSOF5SUPY2H9UwtHyH\nnerLIFURH2COnU+Sm7gGODUGHhXFkojn4WEDxCXpujnUW6K7BsooSlM69VSSpSEc\nHJs0Un92mzpBgz8o8SvSa1ES1vopiXl6UUcCva+RCwKCAQEAiFTa9rmNyuMwGDn9\nCjvTqa8HZmrvoQWGNr3rf1coBp0h1fDzwgxzr6IJMbFy61HsbZh/sAL3Kgd+pwV7\nn9E9NJyAAgi5A9u3Op9mrbO2xCYjR+M9qrWNM4VxZ0+6HZq6mie14r/qvfWsxuxa\nqtB0smYfvJjGwyYvmDpvPlrKZBj0QFH269pVpQ0lFHZu1SDFHhxeMZi/BeAcWFdr\nZ6pyi8y0aZyB//XR4VFGdcSeMf0/wvBNHvG5cHrWhIdf7fsazX7n5U+lJ7uEMMO3\nMUiwuffJrLBwBomj5kB+8gOiAM1UL6nRONYBOuTpdMzf2wmrHnitZX7fM8P7a4c8\nzIyRdQKCAQEAq0T+a6MItdqlsIrz7jR4NtfOv/RId13mC2Y3Xi2Zk2W/Jkpo1bxp\n1rvXm118IHKYp2cLNgot8Ue/D3fW8NEGmxmeyJu+GcreQI7fLVvCe5eW+/UTzb8f\noRsD3WshHzwvRo8w473m2U+8FUiiKS5mHQ8BIptxKkHlrgvG6OdMmJfw0XNF0evP\nSa/gWjWXUxDrm9jENTagSReaTmET3K9rcmy1s4+OOveEKZqLqg17RS4mxvOmO+YC\n+Sx9RPMn7pMpYlnGTdweJKPU0MXXyaeXIQjd+gFIcl9NbzJV5rJ2PyaDzNGP+KgY\nRdl8lNeJCrOQ/6BfDv1lXGYJM5ktioBIEQKCAQBlAFNn/ke/noXRglPEhYfEMC9f\nBP9JFDIbQb5dcQLPkMyQtH/VScJrPZBm/lQLirewLYzdcmHOx/ltH6QsCdXJdC+d\ncMYWkm1MN/iAQwwQjK5E3RHK1lyNF4LAL/KqRuhqob3MDJSQ/belysJI1TTbruqM\nYVZlYsRMSJEfY9+CV2dj+nPivHZuOHtXD3aazEo8ssqRQD/2iqp6fIRLuCEbMu+T\ns08o69d7cqaXyFOADgNBD7iQN+2lI436i57MTKc+urQ0EjFHLV3sJCO2yz6KwFMn\nfgB5riasP1+03s8j7SneWuIZyvI7ZsuB/tpYctWkXLsqCIZqHFZs5VqVt0Lm\n-----END RSA PRIVATE KEY-----\n",
            "private_key_pem_pkcs8": "-----BEGIN PRIVATE KEY-----\nMIIJQwIBADANBgkqhkiG9w0BAQEFAASCCS0wggkpAgEAAoICAQCaIs8dMVksnJon\ndJOzR7o5ve+YhoCbuXNRcz3ujb0qNWOsomSdd26rkkuQzjGvhSUI3v4o0l7GlmVS\n8+CHzh5cU+Hk10XKqW9OdH45DTAG6/CGRInSxNsAEKGqm2YksYWIqEKS3MfRRI9W\n4wGw2i0cyMbiTMc654zsWMrXk0EcGI890iak76m6HlQt9l+Txa6ToWXgqjFXRR1g\nL+LwQQj0QbTZChZiotwnszEAQPlRxIWS0414rbtq93h5KZ0gNmC2dYPBK6tOirCv\nRLl/Y9QYes6h0m7kpUZ2mHK2NDeEKaaAjaZ647psJjv8rqabjDKxLya6+Zs/OqUb\no2MeS8PEn1e/FDGq0x3UdDY5t9KNAg01Bn8Byp+br0qSl7TuWEoiuizf27Kshvwz\n0nOCo8sCZ/N4mX0vb6dWGeDTOgEdZwpPvMPCATLlK9qxrwUqPzbU25fVSwFx3i1X\n7kuSWal/aIg8FfiJwugEFpId3C08RVUtL/cnHPj08UO6FWKvBLofsPS5wUqDxoni\nkgVMKAnPuujXUWG8qJXBKO5J61T1w9HrKoO4tB3qd09TmfO/7PkBRl7nl5nIdISI\n9JrM6l78B57+DHz/iWHAg+FTv37k/LXgZWZYJ9INAccyGt2zFV1zhsv0J91ekE8d\nGF9D/H2kVyR5RL9E4XgRx60K27vIhwIDAQABAoICAAOpcgw6gOjba5omXd/zg0wd\n5BRWlbWdaUz1FPKW8XiQPib60LMhBEMVPbBaBboqyp90VMt5fADxz8RxwNLZJcWB\nxKsgJitTbS6K+/i1BIAVmOhHtpKIVL+ipYSdHocepJKDlNlSX3jsTQ9+YyrldA7s\nAjWcJ1uR5royvdbzS6e0Oar5VCu0+e5PDCbvZIPpPWWKfxYgVP3CyZjgal7U3LaY\n3QgPAksjnWFgE3jzEjlMFvRPDFxinEJFUNpoD7CVOiT7k77CH9bE2r+/PTz2jTJr\nsH8Ntc6+0na81nTXtr3wE2GYe+0Nff9VxTUSnSiy4v1splno1jRhW0zVy+QLXsJC\nqYx34vI3miqFMVAkz1arlcN7kBryJvFOJb+yEPBN33N8vmnpnjl+pmshnOeNF3qW\nme5ygXP3sJsHsqtTM6QY527tNr/i99LvLqduL9iy2reVjdbakQDqsyhz3dzw0lEX\nMVLz1pDPpNP6zg9G/yyh56lVef0lvyYqWh6FOEgDg5HGRhK0o9EU5QMDfTphXmIR\nfabJLlt6g13YhkzmoNXDl8/l/cenoZIuYKeHK3OcsL/qNJ3nZs6TNKnM59EyFuSq\nh/CPESOgyByDy679qEGD/icIi8YJSoVhLngAoTJ+ma6h1jbv0OZLvHD2lTdIMo/B\nLdgNEGlG5OUDW88Q5kIpAoIBAQDA9FYcTEwH/RjvpDX1wT08toPMPlRJx4yWVVcW\nWwefY6egWWUpXxK8nF/XdQPvX++LWj0dk2zyHxXYoFfHU3K+lDO3lHQDuB+ojX5+\neTjIeHmpYaMvrfSmd/ETugQtB34KG6HI6Y6H+ML8Dac9aXRgGhtK/21Q2XFBPiHw\nTJBKDpYV2Z3VeF7d4GZD4IFjVFbsxjvXSCVG6PmKJA5NiB6vVCEYgIxF8kQj6KsS\nC6/qqBxwoNCqc0AgfMNU4/TGAW5CaE88jUHejlDXFSWBeQPEwj/hLzZbTs/iZCal\nv9uUiw9QZuFervI2EfKY4KmG/PzgjAEpdc0Hut3Kxk+v/4v1AoIBAQDMf4EQ++Ds\nRwWcmlg/xMcmxINNEGtdWQ1wQWJWqZVdsCnYkXB/VY4jLLrRuBjECHmcObJzi045\nCjAXifk/4OqG/0M1vdbVPpw+JiHJkzJLRMdWzrWTNfqNr/Ntgc2HBVQm8mptsVIC\nRPp2v/gsQUsWrCaWprqptfjV9K4fCRexXeJq9M2KZiq2AXb2I9O2m5YXrSq2lSAz\nAWV67DKVyXy+Z9dBlRI4XlJQ9jYf1TC0fIed6ssgVREfYI6dT5KbuAY4NQYeFcWS\niOfhYQPEJem6OdRborsGyihKUzr1VJKlIRwcmzRSf3abOkGDPyjxK9JrURLW+imJ\neXpRRwK9r5ELAoIBAQCIVNr2uY3K4zAYOf0KO9Oprwdmau+hBYY2vet/VygGnSHV\n8PPCDHOvogkxsXLrUextmH+wAvcqB36nBXuf0T00nIACCLkD27c6n2ats7bEJiNH\n4z2qtY0zhXFnT7odmrqaJ7Xiv+q99azG7Fqq0HSyZh+8mMbDJi+YOm8+WspkGPRA\nUfbr2lWlDSUUdm7VIMUeHF4xmL8F4BxYV2tnqnKLzLRpnIH/9dHhUUZ1xJ4x/T/C\n8E0e8blwetaEh1/t+xrNfuflT6Unu4Qww7cxSLC598mssHAGiaPmQH7yA6IAzVQv\nqdE41gE65Ol0zN/bCaseeK1lft8zw/trhzzMjJF1AoIBAQCrRP5rowi12qWwivPu\nNHg2186/9Eh3XeYLZjdeLZmTZb8mSmjVvGnWu9ebXXwgcpinZws2Ci3xR78Pd9bw\n0QabGZ7Im74Zyt5Ajt8tW8J7l5b79RPNvx+hGwPdayEfPC9GjzDjvebZT7wVSKIp\nLmYdDwEim3EqQeWuC8bo50yYl/DRc0XR689Jr+BaNZdTEOub2MQ1NqBJF5pOYRPc\nr2tybLWzj44694QpmouqDXtFLibG86Y75gL5LH1E8yfukyliWcZN3B4ko9TQxdfJ\np5chCN36AUhyX01vMlXmsnY/JoPM0Y/4qBhF2XyU14kKs5D/oF8O/WVcZgkzmS2K\ngEgRAoIBAGUAU2f+R7+ehdGCU8SFh8QwL18E/0kUMhtBvl1xAs+QzJC0f9VJwms9\nkGb+VAuKt7AtjN1yYc7H+W0fpCwJ1cl0L51wxhaSbUw3+IBDDBCMrkTdEcrWXI0X\ngsAv8qpG6GqhvcwMlJD9t6XKwkjVNNuu6oxhVmVixExIkR9j34JXZ2P6c+K8dm44\ne1cPdprMSjyyypFAP/aKqnp8hEu4IRsy75OzTyjr13typpfIU4AOA0EPuJA37aUj\njfqLnsxMpz66tDQSMUctXewkI7bLPorAUyd+AHmuJqw/X7TezyPtKd5a4hnK8jtm\ny4H+2lhy1aRcuyoIhmocVmzlWpW3QuY=\n-----END PRIVATE KEY-----\n",
            "public_key_fingerprint_md5": "7b:cd:95:d1:db:0c:85:f2:0a:4e:1b:64:8d:93:f0:5d",
            "public_key_fingerprint_sha256": "SHA256:O9xV1rPWqiiF5nVuG4y19cipBDkQ36CBLd6+Xe1A/Bg",
            "public_key_openssh": "ssh-rsa AAAAB3NzaC1yc2EAAAADAQABAAACAQCaIs8dMVksnJondJOzR7o5ve+YhoCbuXNRcz3ujb0qNWOsomSdd26rkkuQzjGvhSUI3v4o0l7GlmVS8+CHzh5cU+Hk10XKqW9OdH45DTAG6/CGRInSxNsAEKGqm2YksYWIqEKS3MfRRI9W4wGw2i0cyMbiTMc654zsWMrXk0EcGI890iak76m6HlQt9l+Txa6ToWXgqjFXRR1gL+LwQQj0QbTZChZiotwnszEAQPlRxIWS0414rbtq93h5KZ0gNmC2dYPBK6tOirCvRLl/Y9QYes6h0m7kpUZ2mHK2NDeEKaaAjaZ647psJjv8rqabjDKxLya6+Zs/OqUbo2MeS8PEn1e/FDGq0x3UdDY5t9KNAg01Bn8Byp+br0qSl7TuWEoiuizf27Kshvwz0nOCo8sCZ/N4mX0vb6dWGeDTOgEdZwpPvMPCATLlK9qxrwUqPzbU25fVSwFx3i1X7kuSWal/aIg8FfiJwugEFpId3C08RVUtL/cnHPj08UO6FWKvBLofsPS5wUqDxonikgVMKAnPuujXUWG8qJXBKO5J61T1w9HrKoO4tB3qd09TmfO/7PkBRl7nl5nIdISI9JrM6l78B57+DHz/iWHAg+FTv37k/LXgZWZYJ9INAccyGt2zFV1zhsv0J91ekE8dGF9D/H2kVyR5RL9E4XgRx60K27vIhw==\n",
            "public_key_pem": "-----BEGIN PUBLIC KEY-----\nMIICIjANBgkqhkiG9w0BAQEFAAOCAg8AMIICCgKCAgEAmiLPHTFZLJyaJ3STs0e6\nOb3vmIaAm7lzUXM97o29KjVjrKJknXduq5JLkM4xr4UlCN7+KNJexpZlUvPgh84e\nXFPh5NdFyqlvTnR+OQ0wBuvwhkSJ0sTbABChqptmJLGFiKhCktzH0USPVuMBsNot\nHMjG4kzHOueM7FjK15NBHBiPPdImpO+puh5ULfZfk8Wuk6Fl4KoxV0UdYC/i8EEI\n9EG02QoWYqLcJ7MxAED5UcSFktONeK27avd4eSmdIDZgtnWDwSurToqwr0S5f2PU\nGHrOodJu5KVGdphytjQ3hCmmgI2meuO6bCY7/K6mm4wysS8muvmbPzqlG6NjHkvD\nxJ9XvxQxqtMd1HQ2ObfSjQINNQZ/Acqfm69Kkpe07lhKIros39uyrIb8M9JzgqPL\nAmfzeJl9L2+nVhng0zoBHWcKT7zDwgEy5Svasa8FKj821NuX1UsBcd4tV+5Lklmp\nf2iIPBX4icLoBBaSHdwtPEVVLS/3Jxz49PFDuhVirwS6H7D0ucFKg8aJ4pIFTCgJ\nz7ro11FhvKiVwSjuSetU9cPR6yqDuLQd6ndPU5nzv+z5AUZe55eZyHSEiPSazOpe\n/Aee/gx8/4lhwIPhU79+5Py14GVmWCfSDQHHMhrdsxVdc4bL9CfdXpBPHRhfQ/x9\npFckeUS/ROF4EcetCtu7yIcCAwEAAQ==\n-----END PUBLIC KEY-----\n",
            "rsa_bits": 4096
          },
          "sensitive_attributes": [],
          "dependencies": [
            "module.vpc.aws_cloudwatch_log_group.flow_log",
            "module.vpc.aws_customer_gateway.this",
            "module.vpc.aws_db_subnet_group.database",
            "module.vpc.aws_default_network_acl.this",
            "module.vpc.aws_default_route_table.default",
            "module.vpc.aws_default_security_group.this",
            "module.vpc.aws_default_vpc.this",
            "module.vpc.aws_egress_only_internet_gateway.this",
            "module.vpc.aws_eip.nat",
            "module.vpc.aws_elasticache_subnet_group.elasticache",
            "module.vpc.aws_flow_log.this",
            "module.vpc.aws_iam_policy.vpc_flow_log_cloudwatch",
            "module.vpc.aws_iam_role.vpc_flow_log_cloudwatch",
            "module.vpc.aws_iam_role_policy_attachment.vpc_flow_log_cloudwatch",
            "module.vpc.aws_internet_gateway.this",
            "module.vpc.aws_nat_gateway.this",
            "module.vpc.aws_network_acl.database",
            "module.vpc.aws_network_acl.elasticache",
            "module.vpc.aws_network_acl.intra",
            "module.vpc.aws_network_acl.outpost",
            "module.vpc.aws_network_acl.private",
            "module.vpc.aws_network_acl.public",
            "module.vpc.aws_network_acl.redshift",
            "module.vpc.aws_network_acl_rule.database_inbound",
            "module.vpc.aws_network_acl_rule.database_outbound",
            "module.vpc.aws_network_acl_rule.elasticache_inbound",
            "module.vpc.aws_network_acl_rule.elasticache_outbound",
            "module.vpc.aws_network_acl_rule.intra_inbound",
            "module.vpc.aws_network_acl_rule.intra_outbound",
            "module.vpc.aws_network_acl_rule.outpost_inbound",
            "module.vpc.aws_network_acl_rule.outpost_outbound",
            "module.vpc.aws_network_acl_rule.private_inbound",
            "module.vpc.aws_network_acl_rule.private_outbound",
            "module.vpc.aws_network_acl_rule.public_inbound",
            "module.vpc.aws_network_acl_rule.public_outbound",
            "module.vpc.aws_network_acl_rule.redshift_inbound",
            "module.vpc.aws_network_acl_rule.redshift_outbound",
            "module.vpc.aws_redshift_subnet_group.redshift",
            "module.vpc.aws_route.database_internet_gateway",
            "module.vpc.aws_route.database_ipv6_egress",
            "module.vpc.aws_route.database_nat_gateway",
            "module.vpc.aws_route.private_ipv6_egress",
            "module.vpc.aws_route.private_nat_gateway",
            "module.vpc.aws_route.public_internet_gateway",
            "module.vpc.aws_route.public_internet_gateway_ipv6",
            "module.vpc.aws_route_table.database",
            "module.vpc.aws_route_table.elasticache",
            "module.vpc.aws_route_table.intra",
            "module.vpc.aws_route_table.private",
            "module.vpc.aws_route_table.public",
            "module.vpc.aws_route_table.redshift",
            "module.vpc.aws_route_table_association.database",
            "module.vpc.aws_route_table_association.elasticache",
            "module.vpc.aws_route_table_association.intra",
            "module.vpc.aws_route_table_association.outpost",
            "module.vpc.aws_route_table_association.private",
            "module.vpc.aws_route_table_association.public",
            "module.vpc.aws_route_table_association.redshift",
            "module.vpc.aws_route_table_association.redshift_public",
            "module.vpc.aws_subnet.database",
            "module.vpc.aws_subnet.elasticache",
            "module.vpc.aws_subnet.intra",
            "module.vpc.aws_subnet.outpost",
            "module.vpc.aws_subnet.private",
            "module.vpc.aws_subnet.public",
            "module.vpc.aws_subnet.redshift",
            "module.vpc.aws_vpc.this",
            "module.vpc.aws_vpc_dhcp_options.this",
            "module.vpc.aws_vpc_dhcp_options_association.this",
            "module.vpc.aws_vpc_ipv4_cidr_block_association.this",
            "module.vpc.aws_vpn_gateway.this",
            "module.vpc.aws_vpn_gateway_attachment.this",
            "module.vpc.aws_vpn_gateway_route_propagation.intra",
            "module.vpc.aws_vpn_gateway_route_propagation.private",
            "module.vpc.aws_vpn_gateway_route_propagation.public",
            "module.vpc.data.aws_iam_policy_document.flow_log_cloudwatch_assume_role",
            "module.vpc.data.aws_iam_policy_document.vpc_flow_log_cloudwatch"
          ]
        }
      ]
    },
    {
      "module": "module.vpc",
      "mode": "managed",
      "type": "aws_eip",
      "name": "nat",
      "provider": "provider[\"registry.terraform.io/hashicorp/aws\"]",
      "instances": [
        {
          "index_key": 0,
          "schema_version": 0,
          "attributes": {
            "address": null,
            "allocation_id": "eipalloc-0b435b8fdaaaddc97",
            "associate_with_private_ip": null,
            "association_id": "eipassoc-0b1d3517331a72470",
            "carrier_ip": "",
            "customer_owned_ip": "",
            "customer_owned_ipv4_pool": "",
            "domain": "vpc",
            "id": "eipalloc-0b435b8fdaaaddc97",
            "instance": "",
            "network_border_group": "us-east-1",
            "network_interface": "eni-0613f911b6f556ab9",
            "private_dns": "ip-172-23-6-81.ec2.internal",
            "private_ip": "172.23.6.81",
            "public_dns": "ec2-44-207-58-63.compute-1.amazonaws.com",
            "public_ip": "44.207.58.63",
            "public_ipv4_pool": "amazon",
            "tags": {
              "Name": "VPC-us-east-1a"
            },
            "tags_all": {
              "Name": "VPC-us-east-1a"
            },
            "timeouts": null,
            "vpc": true
          },
          "sensitive_attributes": [],
          "private": "eyJlMmJmYjczMC1lY2FhLTExZTYtOGY4OC0zNDM2M2JjN2M0YzAiOnsiZGVsZXRlIjoxODAwMDAwMDAwMDAsInJlYWQiOjkwMDAwMDAwMDAwMCwidXBkYXRlIjozMDAwMDAwMDAwMDB9fQ=="
        }
      ]
    },
    {
      "module": "module.vpc",
      "mode": "managed",
      "type": "aws_internet_gateway",
      "name": "this",
      "provider": "provider[\"registry.terraform.io/hashicorp/aws\"]",
      "instances": [
        {
          "index_key": 0,
          "schema_version": 0,
          "attributes": {
            "arn": "arn:aws:ec2:us-east-1:152329264931:internet-gateway/igw-08e3140a01f5b901b",
            "id": "igw-08e3140a01f5b901b",
            "owner_id": "152329264931",
            "tags": {
              "Name": "VPC"
            },
            "tags_all": {
              "Name": "VPC"
            },
            "vpc_id": "vpc-0a12b87907bbba298"
          },
          "sensitive_attributes": [],
          "private": "bnVsbA==",
          "dependencies": [
            "module.vpc.aws_vpc.this",
            "module.vpc.aws_vpc_ipv4_cidr_block_association.this"
          ]
        }
      ]
    },
    {
      "module": "module.vpc",
      "mode": "managed",
      "type": "aws_nat_gateway",
      "name": "this",
      "provider": "provider[\"registry.terraform.io/hashicorp/aws\"]",
      "instances": [
        {
          "index_key": 0,
          "schema_version": 0,
          "attributes": {
            "allocation_id": "eipalloc-0b435b8fdaaaddc97",
            "connectivity_type": "public",
            "id": "nat-085ef76c813bb3ba6",
            "network_interface_id": "eni-0613f911b6f556ab9",
            "private_ip": "172.23.6.81",
            "public_ip": "44.207.58.63",
            "subnet_id": "subnet-07066fc5d7e56d9bb",
            "tags": {
              "Name": "caldera-test_natgateway"
            },
            "tags_all": {
              "Name": "caldera-test_natgateway"
            }
          },
          "sensitive_attributes": [],
          "private": "bnVsbA==",
          "dependencies": [
            "module.vpc.aws_eip.nat",
            "module.vpc.aws_internet_gateway.this",
            "module.vpc.aws_subnet.public",
            "module.vpc.aws_vpc.this",
            "module.vpc.aws_vpc_ipv4_cidr_block_association.this"
          ]
        }
      ]
    },
    {
      "module": "module.vpc",
      "mode": "managed",
      "type": "aws_route",
      "name": "private_nat_gateway",
      "provider": "provider[\"registry.terraform.io/hashicorp/aws\"]",
      "instances": [
        {
          "index_key": 0,
          "schema_version": 0,
          "attributes": {
            "carrier_gateway_id": "",
            "core_network_arn": "",
            "destination_cidr_block": "0.0.0.0/0",
            "destination_ipv6_cidr_block": "",
            "destination_prefix_list_id": "",
            "egress_only_gateway_id": "",
            "gateway_id": "",
            "id": "r-rtb-0ea420ec875986ddb1080289494",
            "instance_id": "",
            "instance_owner_id": "",
            "local_gateway_id": "",
            "nat_gateway_id": "nat-085ef76c813bb3ba6",
            "network_interface_id": "",
            "origin": "CreateRoute",
            "route_table_id": "rtb-0ea420ec875986ddb",
            "state": "active",
            "timeouts": {
              "create": "5m",
              "delete": null,
              "update": null
            },
            "transit_gateway_id": "",
            "vpc_endpoint_id": "",
            "vpc_peering_connection_id": ""
          },
          "sensitive_attributes": [],
          "private": "eyJlMmJmYjczMC1lY2FhLTExZTYtOGY4OC0zNDM2M2JjN2M0YzAiOnsiY3JlYXRlIjozMDAwMDAwMDAwMDAsImRlbGV0ZSI6MzAwMDAwMDAwMDAwLCJ1cGRhdGUiOjEyMDAwMDAwMDAwMH19",
          "dependencies": [
            "module.vpc.aws_eip.nat",
            "module.vpc.aws_internet_gateway.this",
            "module.vpc.aws_nat_gateway.this",
            "module.vpc.aws_route_table.private",
            "module.vpc.aws_subnet.public",
            "module.vpc.aws_vpc.this",
            "module.vpc.aws_vpc_ipv4_cidr_block_association.this"
          ]
        }
      ]
    },
    {
      "module": "module.vpc",
      "mode": "managed",
      "type": "aws_route",
      "name": "public_internet_gateway",
      "provider": "provider[\"registry.terraform.io/hashicorp/aws\"]",
      "instances": [
        {
          "index_key": 0,
          "schema_version": 0,
          "attributes": {
            "carrier_gateway_id": "",
            "core_network_arn": "",
            "destination_cidr_block": "0.0.0.0/0",
            "destination_ipv6_cidr_block": "",
            "destination_prefix_list_id": "",
            "egress_only_gateway_id": "",
            "gateway_id": "igw-08e3140a01f5b901b",
            "id": "r-rtb-004a85edf6a4084291080289494",
            "instance_id": "",
            "instance_owner_id": "",
            "local_gateway_id": "",
            "nat_gateway_id": "",
            "network_interface_id": "",
            "origin": "CreateRoute",
            "route_table_id": "rtb-004a85edf6a408429",
            "state": "active",
            "timeouts": {
              "create": "5m",
              "delete": null,
              "update": null
            },
            "transit_gateway_id": "",
            "vpc_endpoint_id": "",
            "vpc_peering_connection_id": ""
          },
          "sensitive_attributes": [],
          "private": "eyJlMmJmYjczMC1lY2FhLTExZTYtOGY4OC0zNDM2M2JjN2M0YzAiOnsiY3JlYXRlIjozMDAwMDAwMDAwMDAsImRlbGV0ZSI6MzAwMDAwMDAwMDAwLCJ1cGRhdGUiOjEyMDAwMDAwMDAwMH19",
          "dependencies": [
            "module.vpc.aws_internet_gateway.this",
            "module.vpc.aws_route_table.public",
            "module.vpc.aws_vpc.this",
            "module.vpc.aws_vpc_ipv4_cidr_block_association.this"
          ]
        }
      ]
    },
    {
      "module": "module.vpc",
      "mode": "managed",
      "type": "aws_route_table",
      "name": "private",
      "provider": "provider[\"registry.terraform.io/hashicorp/aws\"]",
      "instances": [
        {
          "index_key": 0,
          "schema_version": 0,
          "attributes": {
            "arn": "arn:aws:ec2:us-east-1:152329264931:route-table/rtb-0ea420ec875986ddb",
            "id": "rtb-0ea420ec875986ddb",
            "owner_id": "152329264931",
            "propagating_vgws": [],
            "route": [
              {
                "carrier_gateway_id": "",
                "cidr_block": "0.0.0.0/0",
                "core_network_arn": "",
                "destination_prefix_list_id": "",
                "egress_only_gateway_id": "",
                "gateway_id": "",
                "instance_id": "",
                "ipv6_cidr_block": "",
                "local_gateway_id": "",
                "nat_gateway_id": "nat-085ef76c813bb3ba6",
                "network_interface_id": "",
                "transit_gateway_id": "",
                "vpc_endpoint_id": "",
                "vpc_peering_connection_id": ""
              }
            ],
            "tags": {
              "Name": "VPC-private"
            },
            "tags_all": {
              "Name": "VPC-private"
            },
            "timeouts": null,
            "vpc_id": "vpc-0a12b87907bbba298"
          },
          "sensitive_attributes": [],
          "private": "eyJlMmJmYjczMC1lY2FhLTExZTYtOGY4OC0zNDM2M2JjN2M0YzAiOnsiY3JlYXRlIjozMDAwMDAwMDAwMDAsImRlbGV0ZSI6MzAwMDAwMDAwMDAwLCJ1cGRhdGUiOjEyMDAwMDAwMDAwMH19",
          "dependencies": [
            "module.vpc.aws_vpc.this",
            "module.vpc.aws_vpc_ipv4_cidr_block_association.this"
          ]
        }
      ]
    },
    {
      "module": "module.vpc",
      "mode": "managed",
      "type": "aws_route_table",
      "name": "public",
      "provider": "provider[\"registry.terraform.io/hashicorp/aws\"]",
      "instances": [
        {
          "index_key": 0,
          "schema_version": 0,
          "attributes": {
            "arn": "arn:aws:ec2:us-east-1:152329264931:route-table/rtb-004a85edf6a408429",
            "id": "rtb-004a85edf6a408429",
            "owner_id": "152329264931",
            "propagating_vgws": [],
            "route": [
              {
                "carrier_gateway_id": "",
                "cidr_block": "0.0.0.0/0",
                "core_network_arn": "",
                "destination_prefix_list_id": "",
                "egress_only_gateway_id": "",
                "gateway_id": "igw-08e3140a01f5b901b",
                "instance_id": "",
                "ipv6_cidr_block": "",
                "local_gateway_id": "",
                "nat_gateway_id": "",
                "network_interface_id": "",
                "transit_gateway_id": "",
                "vpc_endpoint_id": "",
                "vpc_peering_connection_id": ""
              }
            ],
            "tags": {
              "Name": "VPC-public"
            },
            "tags_all": {
              "Name": "VPC-public"
            },
            "timeouts": null,
            "vpc_id": "vpc-0a12b87907bbba298"
          },
          "sensitive_attributes": [],
          "private": "eyJlMmJmYjczMC1lY2FhLTExZTYtOGY4OC0zNDM2M2JjN2M0YzAiOnsiY3JlYXRlIjozMDAwMDAwMDAwMDAsImRlbGV0ZSI6MzAwMDAwMDAwMDAwLCJ1cGRhdGUiOjEyMDAwMDAwMDAwMH19",
          "dependencies": [
            "module.vpc.aws_vpc.this",
            "module.vpc.aws_vpc_ipv4_cidr_block_association.this"
          ]
        }
      ]
    },
    {
      "module": "module.vpc",
      "mode": "managed",
      "type": "aws_route_table_association",
      "name": "private",
      "provider": "provider[\"registry.terraform.io/hashicorp/aws\"]",
      "instances": [
        {
          "index_key": 0,
          "schema_version": 0,
          "attributes": {
            "gateway_id": "",
            "id": "rtbassoc-022995758b1365113",
            "route_table_id": "rtb-0ea420ec875986ddb",
            "subnet_id": "subnet-0e918b05b33a2d5e6"
          },
          "sensitive_attributes": [],
          "private": "bnVsbA==",
          "dependencies": [
            "module.vpc.aws_route_table.private",
            "module.vpc.aws_subnet.private",
            "module.vpc.aws_vpc.this",
            "module.vpc.aws_vpc_ipv4_cidr_block_association.this"
          ]
        },
        {
          "index_key": 1,
          "schema_version": 0,
          "attributes": {
            "gateway_id": "",
            "id": "rtbassoc-015f80fef727a0080",
            "route_table_id": "rtb-0ea420ec875986ddb",
            "subnet_id": "subnet-0abf6dd62f5a1c6d3"
          },
          "sensitive_attributes": [],
          "private": "bnVsbA==",
          "dependencies": [
            "module.vpc.aws_route_table.private",
            "module.vpc.aws_subnet.private",
            "module.vpc.aws_vpc.this",
            "module.vpc.aws_vpc_ipv4_cidr_block_association.this"
          ]
        },
        {
          "index_key": 2,
          "schema_version": 0,
          "attributes": {
            "gateway_id": "",
            "id": "rtbassoc-05772d4c36f526dc2",
            "route_table_id": "rtb-0ea420ec875986ddb",
            "subnet_id": "subnet-085abe427d5df6249"
          },
          "sensitive_attributes": [],
          "private": "bnVsbA==",
          "dependencies": [
            "module.vpc.aws_route_table.private",
            "module.vpc.aws_subnet.private",
            "module.vpc.aws_vpc.this",
            "module.vpc.aws_vpc_ipv4_cidr_block_association.this"
          ]
        },
        {
          "index_key": 3,
          "schema_version": 0,
          "attributes": {
            "gateway_id": "",
            "id": "rtbassoc-03ff215b631761683",
            "route_table_id": "rtb-0ea420ec875986ddb",
            "subnet_id": "subnet-0266dfee7446b786a"
          },
          "sensitive_attributes": [],
          "private": "bnVsbA==",
          "dependencies": [
            "module.vpc.aws_route_table.private",
            "module.vpc.aws_subnet.private",
            "module.vpc.aws_vpc.this",
            "module.vpc.aws_vpc_ipv4_cidr_block_association.this"
          ]
        },
        {
          "index_key": 4,
          "schema_version": 0,
          "attributes": {
            "gateway_id": "",
            "id": "rtbassoc-0c9ba305f2d67254e",
            "route_table_id": "rtb-0ea420ec875986ddb",
            "subnet_id": "subnet-043bdc10af3827915"
          },
          "sensitive_attributes": [],
          "private": "bnVsbA==",
          "dependencies": [
            "module.vpc.aws_route_table.private",
            "module.vpc.aws_subnet.private",
            "module.vpc.aws_vpc.this",
            "module.vpc.aws_vpc_ipv4_cidr_block_association.this"
          ]
        }
      ]
    },
    {
      "module": "module.vpc",
      "mode": "managed",
      "type": "aws_route_table_association",
      "name": "public",
      "provider": "provider[\"registry.terraform.io/hashicorp/aws\"]",
      "instances": [
        {
          "index_key": 0,
          "schema_version": 0,
          "attributes": {
            "gateway_id": "",
            "id": "rtbassoc-0ed8796e42cdaa35a",
            "route_table_id": "rtb-004a85edf6a408429",
            "subnet_id": "subnet-07066fc5d7e56d9bb"
          },
          "sensitive_attributes": [],
          "private": "bnVsbA==",
          "dependencies": [
            "module.vpc.aws_route_table.public",
            "module.vpc.aws_subnet.public",
            "module.vpc.aws_vpc.this",
            "module.vpc.aws_vpc_ipv4_cidr_block_association.this"
          ]
        },
        {
          "index_key": 1,
          "schema_version": 0,
          "attributes": {
            "gateway_id": "",
            "id": "rtbassoc-0b47bb7f2aef7eb11",
            "route_table_id": "rtb-004a85edf6a408429",
            "subnet_id": "subnet-030cb3573b2c41596"
          },
          "sensitive_attributes": [],
          "private": "bnVsbA==",
          "dependencies": [
            "module.vpc.aws_route_table.public",
            "module.vpc.aws_subnet.public",
            "module.vpc.aws_vpc.this",
            "module.vpc.aws_vpc_ipv4_cidr_block_association.this"
          ]
        },
        {
          "index_key": 2,
          "schema_version": 0,
          "attributes": {
            "gateway_id": "",
            "id": "rtbassoc-09f70db81d406cf3e",
            "route_table_id": "rtb-004a85edf6a408429",
            "subnet_id": "subnet-07f6c6ffd1c7a1196"
          },
          "sensitive_attributes": [],
          "private": "bnVsbA==",
          "dependencies": [
            "module.vpc.aws_route_table.public",
            "module.vpc.aws_subnet.public",
            "module.vpc.aws_vpc.this",
            "module.vpc.aws_vpc_ipv4_cidr_block_association.this"
          ]
        },
        {
          "index_key": 3,
          "schema_version": 0,
          "attributes": {
            "gateway_id": "",
            "id": "rtbassoc-0d79a99ab0ca5341c",
            "route_table_id": "rtb-004a85edf6a408429",
            "subnet_id": "subnet-04c20361b49b102c9"
          },
          "sensitive_attributes": [],
          "private": "bnVsbA==",
          "dependencies": [
            "module.vpc.aws_route_table.public",
            "module.vpc.aws_subnet.public",
            "module.vpc.aws_vpc.this",
            "module.vpc.aws_vpc_ipv4_cidr_block_association.this"
          ]
        },
        {
          "index_key": 4,
          "schema_version": 0,
          "attributes": {
            "gateway_id": "",
            "id": "rtbassoc-0fc5ecb704e846534",
            "route_table_id": "rtb-004a85edf6a408429",
            "subnet_id": "subnet-021fcda4106f66892"
          },
          "sensitive_attributes": [],
          "private": "bnVsbA==",
          "dependencies": [
            "module.vpc.aws_route_table.public",
            "module.vpc.aws_subnet.public",
            "module.vpc.aws_vpc.this",
            "module.vpc.aws_vpc_ipv4_cidr_block_association.this"
          ]
        }
      ]
    },
    {
      "module": "module.vpc",
      "mode": "managed",
      "type": "aws_subnet",
      "name": "private",
      "provider": "provider[\"registry.terraform.io/hashicorp/aws\"]",
      "instances": [
        {
          "index_key": 0,
          "schema_version": 1,
          "attributes": {
            "arn": "arn:aws:ec2:us-east-1:152329264931:subnet/subnet-0e918b05b33a2d5e6",
            "assign_ipv6_address_on_creation": false,
            "availability_zone": "us-east-1a",
            "availability_zone_id": "use1-az4",
            "cidr_block": "172.23.0.0/22",
            "customer_owned_ipv4_pool": "",
            "enable_dns64": false,
            "enable_resource_name_dns_a_record_on_launch": false,
            "enable_resource_name_dns_aaaa_record_on_launch": false,
            "id": "subnet-0e918b05b33a2d5e6",
            "ipv6_cidr_block": "",
            "ipv6_cidr_block_association_id": "",
            "ipv6_native": false,
            "map_customer_owned_ip_on_launch": false,
            "map_public_ip_on_launch": false,
            "outpost_arn": "",
            "owner_id": "152329264931",
            "private_dns_hostname_type_on_launch": "ip-name",
            "tags": {
              "Name": "caldera-test_private"
            },
            "tags_all": {
              "Name": "caldera-test_private"
            },
            "timeouts": null,
            "vpc_id": "vpc-0a12b87907bbba298"
          },
          "sensitive_attributes": [],
          "private": "eyJlMmJmYjczMC1lY2FhLTExZTYtOGY4OC0zNDM2M2JjN2M0YzAiOnsiY3JlYXRlIjo2MDAwMDAwMDAwMDAsImRlbGV0ZSI6MTIwMDAwMDAwMDAwMH0sInNjaGVtYV92ZXJzaW9uIjoiMSJ9",
          "dependencies": [
            "module.vpc.aws_vpc.this",
            "module.vpc.aws_vpc_ipv4_cidr_block_association.this"
          ]
        },
        {
          "index_key": 1,
          "schema_version": 1,
          "attributes": {
            "arn": "arn:aws:ec2:us-east-1:152329264931:subnet/subnet-0abf6dd62f5a1c6d3",
            "assign_ipv6_address_on_creation": false,
            "availability_zone": "us-east-1b",
            "availability_zone_id": "use1-az6",
            "cidr_block": "172.23.32.0/22",
            "customer_owned_ipv4_pool": "",
            "enable_dns64": false,
            "enable_resource_name_dns_a_record_on_launch": false,
            "enable_resource_name_dns_aaaa_record_on_launch": false,
            "id": "subnet-0abf6dd62f5a1c6d3",
            "ipv6_cidr_block": "",
            "ipv6_cidr_block_association_id": "",
            "ipv6_native": false,
            "map_customer_owned_ip_on_launch": false,
            "map_public_ip_on_launch": false,
            "outpost_arn": "",
            "owner_id": "152329264931",
            "private_dns_hostname_type_on_launch": "ip-name",
            "tags": {
              "Name": "caldera-test_private"
            },
            "tags_all": {
              "Name": "caldera-test_private"
            },
            "timeouts": null,
            "vpc_id": "vpc-0a12b87907bbba298"
          },
          "sensitive_attributes": [],
          "private": "eyJlMmJmYjczMC1lY2FhLTExZTYtOGY4OC0zNDM2M2JjN2M0YzAiOnsiY3JlYXRlIjo2MDAwMDAwMDAwMDAsImRlbGV0ZSI6MTIwMDAwMDAwMDAwMH0sInNjaGVtYV92ZXJzaW9uIjoiMSJ9",
          "dependencies": [
            "module.vpc.aws_vpc.this",
            "module.vpc.aws_vpc_ipv4_cidr_block_association.this"
          ]
        },
        {
          "index_key": 2,
          "schema_version": 1,
          "attributes": {
            "arn": "arn:aws:ec2:us-east-1:152329264931:subnet/subnet-085abe427d5df6249",
            "assign_ipv6_address_on_creation": false,
            "availability_zone": "us-east-1c",
            "availability_zone_id": "use1-az1",
            "cidr_block": "172.23.64.0/22",
            "customer_owned_ipv4_pool": "",
            "enable_dns64": false,
            "enable_resource_name_dns_a_record_on_launch": false,
            "enable_resource_name_dns_aaaa_record_on_launch": false,
            "id": "subnet-085abe427d5df6249",
            "ipv6_cidr_block": "",
            "ipv6_cidr_block_association_id": "",
            "ipv6_native": false,
            "map_customer_owned_ip_on_launch": false,
            "map_public_ip_on_launch": false,
            "outpost_arn": "",
            "owner_id": "152329264931",
            "private_dns_hostname_type_on_launch": "ip-name",
            "tags": {
              "Name": "caldera-test_private"
            },
            "tags_all": {
              "Name": "caldera-test_private"
            },
            "timeouts": null,
            "vpc_id": "vpc-0a12b87907bbba298"
          },
          "sensitive_attributes": [],
          "private": "eyJlMmJmYjczMC1lY2FhLTExZTYtOGY4OC0zNDM2M2JjN2M0YzAiOnsiY3JlYXRlIjo2MDAwMDAwMDAwMDAsImRlbGV0ZSI6MTIwMDAwMDAwMDAwMH0sInNjaGVtYV92ZXJzaW9uIjoiMSJ9",
          "dependencies": [
            "module.vpc.aws_vpc.this",
            "module.vpc.aws_vpc_ipv4_cidr_block_association.this"
          ]
        },
        {
          "index_key": 3,
          "schema_version": 1,
          "attributes": {
            "arn": "arn:aws:ec2:us-east-1:152329264931:subnet/subnet-0266dfee7446b786a",
            "assign_ipv6_address_on_creation": false,
            "availability_zone": "us-east-1d",
            "availability_zone_id": "use1-az2",
            "cidr_block": "172.23.96.0/22",
            "customer_owned_ipv4_pool": "",
            "enable_dns64": false,
            "enable_resource_name_dns_a_record_on_launch": false,
            "enable_resource_name_dns_aaaa_record_on_launch": false,
            "id": "subnet-0266dfee7446b786a",
            "ipv6_cidr_block": "",
            "ipv6_cidr_block_association_id": "",
            "ipv6_native": false,
            "map_customer_owned_ip_on_launch": false,
            "map_public_ip_on_launch": false,
            "outpost_arn": "",
            "owner_id": "152329264931",
            "private_dns_hostname_type_on_launch": "ip-name",
            "tags": {
              "Name": "caldera-test_private"
            },
            "tags_all": {
              "Name": "caldera-test_private"
            },
            "timeouts": null,
            "vpc_id": "vpc-0a12b87907bbba298"
          },
          "sensitive_attributes": [],
          "private": "eyJlMmJmYjczMC1lY2FhLTExZTYtOGY4OC0zNDM2M2JjN2M0YzAiOnsiY3JlYXRlIjo2MDAwMDAwMDAwMDAsImRlbGV0ZSI6MTIwMDAwMDAwMDAwMH0sInNjaGVtYV92ZXJzaW9uIjoiMSJ9",
          "dependencies": [
            "module.vpc.aws_vpc.this",
            "module.vpc.aws_vpc_ipv4_cidr_block_association.this"
          ]
        },
        {
          "index_key": 4,
          "schema_version": 1,
          "attributes": {
            "arn": "arn:aws:ec2:us-east-1:152329264931:subnet/subnet-043bdc10af3827915",
            "assign_ipv6_address_on_creation": false,
            "availability_zone": "us-east-1f",
            "availability_zone_id": "use1-az5",
            "cidr_block": "172.23.160.0/22",
            "customer_owned_ipv4_pool": "",
            "enable_dns64": false,
            "enable_resource_name_dns_a_record_on_launch": false,
            "enable_resource_name_dns_aaaa_record_on_launch": false,
            "id": "subnet-043bdc10af3827915",
            "ipv6_cidr_block": "",
            "ipv6_cidr_block_association_id": "",
            "ipv6_native": false,
            "map_customer_owned_ip_on_launch": false,
            "map_public_ip_on_launch": false,
            "outpost_arn": "",
            "owner_id": "152329264931",
            "private_dns_hostname_type_on_launch": "ip-name",
            "tags": {
              "Name": "caldera-test_private"
            },
            "tags_all": {
              "Name": "caldera-test_private"
            },
            "timeouts": null,
            "vpc_id": "vpc-0a12b87907bbba298"
          },
          "sensitive_attributes": [],
          "private": "eyJlMmJmYjczMC1lY2FhLTExZTYtOGY4OC0zNDM2M2JjN2M0YzAiOnsiY3JlYXRlIjo2MDAwMDAwMDAwMDAsImRlbGV0ZSI6MTIwMDAwMDAwMDAwMH0sInNjaGVtYV92ZXJzaW9uIjoiMSJ9",
          "dependencies": [
            "module.vpc.aws_vpc.this",
            "module.vpc.aws_vpc_ipv4_cidr_block_association.this"
          ]
        }
      ]
    },
    {
      "module": "module.vpc",
      "mode": "managed",
      "type": "aws_subnet",
      "name": "public",
      "provider": "provider[\"registry.terraform.io/hashicorp/aws\"]",
      "instances": [
        {
          "index_key": 0,
          "schema_version": 1,
          "attributes": {
            "arn": "arn:aws:ec2:us-east-1:152329264931:subnet/subnet-07066fc5d7e56d9bb",
            "assign_ipv6_address_on_creation": false,
            "availability_zone": "us-east-1a",
            "availability_zone_id": "use1-az4",
            "cidr_block": "172.23.4.0/22",
            "customer_owned_ipv4_pool": "",
            "enable_dns64": false,
            "enable_resource_name_dns_a_record_on_launch": false,
            "enable_resource_name_dns_aaaa_record_on_launch": false,
            "id": "subnet-07066fc5d7e56d9bb",
            "ipv6_cidr_block": "",
            "ipv6_cidr_block_association_id": "",
            "ipv6_native": false,
            "map_customer_owned_ip_on_launch": false,
            "map_public_ip_on_launch": true,
            "outpost_arn": "",
            "owner_id": "152329264931",
            "private_dns_hostname_type_on_launch": "ip-name",
            "tags": {
              "Name": "caldera-test_public"
            },
            "tags_all": {
              "Name": "caldera-test_public"
            },
            "timeouts": null,
            "vpc_id": "vpc-0a12b87907bbba298"
          },
          "sensitive_attributes": [],
          "private": "eyJlMmJmYjczMC1lY2FhLTExZTYtOGY4OC0zNDM2M2JjN2M0YzAiOnsiY3JlYXRlIjo2MDAwMDAwMDAwMDAsImRlbGV0ZSI6MTIwMDAwMDAwMDAwMH0sInNjaGVtYV92ZXJzaW9uIjoiMSJ9",
          "dependencies": [
            "module.vpc.aws_vpc.this",
            "module.vpc.aws_vpc_ipv4_cidr_block_association.this"
          ]
        },
        {
          "index_key": 1,
          "schema_version": 1,
          "attributes": {
            "arn": "arn:aws:ec2:us-east-1:152329264931:subnet/subnet-030cb3573b2c41596",
            "assign_ipv6_address_on_creation": false,
            "availability_zone": "us-east-1b",
            "availability_zone_id": "use1-az6",
            "cidr_block": "172.23.36.0/22",
            "customer_owned_ipv4_pool": "",
            "enable_dns64": false,
            "enable_resource_name_dns_a_record_on_launch": false,
            "enable_resource_name_dns_aaaa_record_on_launch": false,
            "id": "subnet-030cb3573b2c41596",
            "ipv6_cidr_block": "",
            "ipv6_cidr_block_association_id": "",
            "ipv6_native": false,
            "map_customer_owned_ip_on_launch": false,
            "map_public_ip_on_launch": true,
            "outpost_arn": "",
            "owner_id": "152329264931",
            "private_dns_hostname_type_on_launch": "ip-name",
            "tags": {
              "Name": "caldera-test_public"
            },
            "tags_all": {
              "Name": "caldera-test_public"
            },
            "timeouts": null,
            "vpc_id": "vpc-0a12b87907bbba298"
          },
          "sensitive_attributes": [],
          "private": "eyJlMmJmYjczMC1lY2FhLTExZTYtOGY4OC0zNDM2M2JjN2M0YzAiOnsiY3JlYXRlIjo2MDAwMDAwMDAwMDAsImRlbGV0ZSI6MTIwMDAwMDAwMDAwMH0sInNjaGVtYV92ZXJzaW9uIjoiMSJ9",
          "dependencies": [
            "module.vpc.aws_vpc.this",
            "module.vpc.aws_vpc_ipv4_cidr_block_association.this"
          ]
        },
        {
          "index_key": 2,
          "schema_version": 1,
          "attributes": {
            "arn": "arn:aws:ec2:us-east-1:152329264931:subnet/subnet-07f6c6ffd1c7a1196",
            "assign_ipv6_address_on_creation": false,
            "availability_zone": "us-east-1c",
            "availability_zone_id": "use1-az1",
            "cidr_block": "172.23.68.0/22",
            "customer_owned_ipv4_pool": "",
            "enable_dns64": false,
            "enable_resource_name_dns_a_record_on_launch": false,
            "enable_resource_name_dns_aaaa_record_on_launch": false,
            "id": "subnet-07f6c6ffd1c7a1196",
            "ipv6_cidr_block": "",
            "ipv6_cidr_block_association_id": "",
            "ipv6_native": false,
            "map_customer_owned_ip_on_launch": false,
            "map_public_ip_on_launch": true,
            "outpost_arn": "",
            "owner_id": "152329264931",
            "private_dns_hostname_type_on_launch": "ip-name",
            "tags": {
              "Name": "caldera-test_public"
            },
            "tags_all": {
              "Name": "caldera-test_public"
            },
            "timeouts": null,
            "vpc_id": "vpc-0a12b87907bbba298"
          },
          "sensitive_attributes": [],
          "private": "eyJlMmJmYjczMC1lY2FhLTExZTYtOGY4OC0zNDM2M2JjN2M0YzAiOnsiY3JlYXRlIjo2MDAwMDAwMDAwMDAsImRlbGV0ZSI6MTIwMDAwMDAwMDAwMH0sInNjaGVtYV92ZXJzaW9uIjoiMSJ9",
          "dependencies": [
            "module.vpc.aws_vpc.this",
            "module.vpc.aws_vpc_ipv4_cidr_block_association.this"
          ]
        },
        {
          "index_key": 3,
          "schema_version": 1,
          "attributes": {
            "arn": "arn:aws:ec2:us-east-1:152329264931:subnet/subnet-04c20361b49b102c9",
            "assign_ipv6_address_on_creation": false,
            "availability_zone": "us-east-1d",
            "availability_zone_id": "use1-az2",
            "cidr_block": "172.23.100.0/22",
            "customer_owned_ipv4_pool": "",
            "enable_dns64": false,
            "enable_resource_name_dns_a_record_on_launch": false,
            "enable_resource_name_dns_aaaa_record_on_launch": false,
            "id": "subnet-04c20361b49b102c9",
            "ipv6_cidr_block": "",
            "ipv6_cidr_block_association_id": "",
            "ipv6_native": false,
            "map_customer_owned_ip_on_launch": false,
            "map_public_ip_on_launch": true,
            "outpost_arn": "",
            "owner_id": "152329264931",
            "private_dns_hostname_type_on_launch": "ip-name",
            "tags": {
              "Name": "caldera-test_public"
            },
            "tags_all": {
              "Name": "caldera-test_public"
            },
            "timeouts": null,
            "vpc_id": "vpc-0a12b87907bbba298"
          },
          "sensitive_attributes": [],
          "private": "eyJlMmJmYjczMC1lY2FhLTExZTYtOGY4OC0zNDM2M2JjN2M0YzAiOnsiY3JlYXRlIjo2MDAwMDAwMDAwMDAsImRlbGV0ZSI6MTIwMDAwMDAwMDAwMH0sInNjaGVtYV92ZXJzaW9uIjoiMSJ9",
          "dependencies": [
            "module.vpc.aws_vpc.this",
            "module.vpc.aws_vpc_ipv4_cidr_block_association.this"
          ]
        },
        {
          "index_key": 4,
          "schema_version": 1,
          "attributes": {
            "arn": "arn:aws:ec2:us-east-1:152329264931:subnet/subnet-021fcda4106f66892",
            "assign_ipv6_address_on_creation": false,
            "availability_zone": "us-east-1f",
            "availability_zone_id": "use1-az5",
            "cidr_block": "172.23.164.0/22",
            "customer_owned_ipv4_pool": "",
            "enable_dns64": false,
            "enable_resource_name_dns_a_record_on_launch": false,
            "enable_resource_name_dns_aaaa_record_on_launch": false,
            "id": "subnet-021fcda4106f66892",
            "ipv6_cidr_block": "",
            "ipv6_cidr_block_association_id": "",
            "ipv6_native": false,
            "map_customer_owned_ip_on_launch": false,
            "map_public_ip_on_launch": true,
            "outpost_arn": "",
            "owner_id": "152329264931",
            "private_dns_hostname_type_on_launch": "ip-name",
            "tags": {
              "Name": "caldera-test_public"
            },
            "tags_all": {
              "Name": "caldera-test_public"
            },
            "timeouts": null,
            "vpc_id": "vpc-0a12b87907bbba298"
          },
          "sensitive_attributes": [],
          "private": "eyJlMmJmYjczMC1lY2FhLTExZTYtOGY4OC0zNDM2M2JjN2M0YzAiOnsiY3JlYXRlIjo2MDAwMDAwMDAwMDAsImRlbGV0ZSI6MTIwMDAwMDAwMDAwMH0sInNjaGVtYV92ZXJzaW9uIjoiMSJ9",
          "dependencies": [
            "module.vpc.aws_vpc.this",
            "module.vpc.aws_vpc_ipv4_cidr_block_association.this"
          ]
        }
      ]
    },
    {
      "module": "module.vpc",
      "mode": "managed",
      "type": "aws_vpc",
      "name": "this",
      "provider": "provider[\"registry.terraform.io/hashicorp/aws\"]",
      "instances": [
        {
          "index_key": 0,
          "schema_version": 1,
          "attributes": {
            "arn": "arn:aws:ec2:us-east-1:152329264931:vpc/vpc-0a12b87907bbba298",
            "assign_generated_ipv6_cidr_block": false,
            "cidr_block": "172.23.0.0/16",
            "default_network_acl_id": "acl-02e3164609b44ada2",
            "default_route_table_id": "rtb-05b2f1d720b9855e4",
            "default_security_group_id": "sg-080ab3079daf43eca",
            "dhcp_options_id": "dopt-0f10cc2c5423e80c9",
            "enable_classiclink": false,
            "enable_classiclink_dns_support": false,
            "enable_dns_hostnames": true,
            "enable_dns_support": true,
            "id": "vpc-0a12b87907bbba298",
            "instance_tenancy": "default",
            "ipv4_ipam_pool_id": null,
            "ipv4_netmask_length": null,
            "ipv6_association_id": "",
            "ipv6_cidr_block": "",
            "ipv6_cidr_block_network_border_group": "",
            "ipv6_ipam_pool_id": "",
            "ipv6_netmask_length": 0,
            "main_route_table_id": "rtb-05b2f1d720b9855e4",
            "owner_id": "152329264931",
            "tags": {
              "Name": "VPC"
            },
            "tags_all": {
              "Name": "VPC"
            }
          },
          "sensitive_attributes": [],
          "private": "eyJzY2hlbWFfdmVyc2lvbiI6IjEifQ=="
        }
      ]
    }
  ]
}
