{
  "version": 4,
  "terraform_version": "1.2.4",
  "serial": 33,
  "lineage": "6bdc74b8-8f28-53a7-4580-cd411304607d",
  "outputs": {
    "caldera_server_ip": {
      "value": "34.230.34.202",
      "type": "string"
    },
    "rsa_private_key": {
      "value": "-----BEGIN RSA PRIVATE KEY-----\nMIIJJwIBAAKCAgEAyIBqQYdFOPsJ4l3hOjiGdhouXxLvb4Vcf4XqL1aOldPrgOr4\nf0pI9CK+03blNoK9ILHYC9N/1TfBLEOSYgRNgANEf3QXNUP42/zfS/KDNBqs6SHI\n8qn77FUSbsvPAWWptTEp4iPxrzIWWluqFGV5yi021gALXdLwS1pL3SfyjRqI08kA\nKrBqQBVFhdv0+B0dpnXZIKZTU2Amyn1RifxtLZrM4ADPwLndzh/qzJL/V43K3kfu\nU9LFDgGhDGEg3H9L+LBn9zPqRxkBUgYx+glswcc9fQPgmNMz2z7EVvjoWEBHQD+0\n+U9oZvmsViw7rNG4lxrU+UKJjE9CLzmBnH/0oYAG9Xnprfbs01cfzHmq3ygE+/Z4\n8NQ2OYuvKWkQ3j1W2dkvcWVDVI6WrtbunzoU5wUYFpbRd8Q/2MpmQyssS0+s3M0Q\nFoKFswO9MGESMZSA4S9391AlBbm0ePmU0jk4QAjXaMxqdeJxdPELQqDSnmPoi3dr\nPawxPg6OK6PqgJbWQge85rmNWhJNDhVHbRdAy57Nil0iVEbmFJS+BAm5/xGTRNId\nrQmKO+n55M+Ao5WF7iclW7KpzinY2uxHsR/uNJH8ZerNSrwo3CMKBLigLaGMJdtK\n6E9+mxRGCir3kokz1z1D//gBeQp1Otw6vkHm95y9i88NxRu1wvXMX2u/ROcCAwEA\nAQKCAgBq/TM18lO62yJkG4piweTmQoQ6EWWY0cYQ+kmDpyGAy8ugSEH/0ojpVV0U\nhB49nzgCqUPK07oj8ZNv5kLHcNpWE+hKRo1XzASQhvg0k5z1gcKAyJls+83FR4QF\ngVXdvfz4Bdr+pAWEYirRXpZ8OcXqX4QiX3WxRC0bWHyg738bUmxu7pPbM7YOqgsm\nKcAnYYn/2GTbakWOeQFaDdMj2YH80ty+L1Cs28GDCz8EmPAOLUhyolmHezHRjob8\njxu07WyBsMhZfedmtu4gcdPbQ4o4QPQLsLT5d8H1HSIx8rIw3WPn4dbVLk1cnaAb\nf5D8YBCq+RNqStoQ9/4uKvaBpznGvjtEIBtJnnMZXuwahbDf6KN4kVn5IEmuJkHa\nCM6q8a2Frv05zeA8LM54t8Z2UygbJAcF+f3TxpZtjmev02Gf1ic/EyQUfSVupi0p\n4srYvq/iro6p0KOvQgnM8e0Eagg43xfBBP5qGOH4eY8N6v6GiWc5u77emXCwrgRs\n1rZJ+UsDpJiQAp10ZagkZyukj4TGJSzkb9nsTXEu39FKJSEOoBlbuDPjwhoK4mZN\nBwXLkGyEQ3nELo6jop3JrFaRqiWdOOVGaxPwKm5P2h99w20DHzlPDOYTcZ7gYSrI\nDQ19KtxH6hKx4+OeWPHaVGFdDc2a2m0DNMJjcYNcebrKNbdNSQKCAQEA4w3h70WP\n0E7D+nFFBfe5RZOWXg0KpDXoNwhHyoLZx0U4P+QKOmgdZVLptGKRwnsfb0x36wPa\nfmWWk7Y8ZpRCNnn8F/MzOmy5jGVjRTv2UfJdNWMumoTUQ7YScXwJzr2iqYzyF1jT\nASQGqFtQbstv7CO8kpAKE3cvwpZ0aK8rc6d6FJMtVosb0IziHTzWq/dcFL8NWMKq\nqMe052beUrWD6L6sOrbpDoZO/xa/OfSqkfRHjF9Qca8ok3WqlZrmq0a43XFz540Q\n9GvV6MIirrTYmfhaTNq5Rax298bNBCr0qJ7x45isIBi62e3nDR70TQRRQ+6FUdsq\ntD/iWE2Oq6lPbQKCAQEA4g/25tDgXJep0GBd0LdyrbgQ5nW0dzyruQsNBjLOw48G\ntgjvi3hTEOmZ+OwYShoAL2PJtRRaREM3f3M6rvG+rm5Jvo4SCtlIFvFQ2nmyxKRd\nNH68blgFyiuH1XsDHhJhhqt3AIB+tyMBugCgo5e9a5FHe3mzAymd+5UEOc+JDnG7\nw6rDTBXY1SJ574jm9rcTNyOCBq1NFBNCVk68jDTkcmwMUnJTHYwA6dqQcbymFIAV\nkQeuRLL6q4aJY8Twzx/ZW6uIhDucsore2wpe8k4yYXI1FcakU8apqdoRdSUh/g6x\njIMO++Csllpt/gFFep2zsRI213Xnq9G/de8rKuhtIwKCAQBw+Xpe1MzfCCIJXgzL\nEFy2Wt4pw/F0jYISx+L4x6zWswFvAOd58k4WGXBBmf4Ot7aHaZQNcuhnleKbcsSR\nAdoEQyQFQrRNsMWOLvB7BX/lfGOWadhJeCgp3NFGeEJlBQSHuqLGrSKoYaWSZYUa\n68yvwYRVpKfu0ZIJD1WytN44+K8Mx8J6WlMnrMHhbGEgRb8ib4GTlaDWxC+mKBAd\nNUYCK8WEnXhPCtMJp+bUToIEh3iGRvK+7jmRTa3oLJ/zvwfC322dXBqAk5tm6hnZ\nthBEZEeCEB65pTu4w8lE9p6vvA59gXy7p7JpNy+M3scN/0T0OR1LAnM4JsVXzJdd\noKvtAoIBAFGLIKyxu7yqmH6pxC19fshbFP2Mh8RbBjaBXflWam7wMKOJJZ9Rj+UR\n3pCD2V8hcd+mRyQia00kUeiPUCO63+Vbsw4hgTCYoABmm5uzOmDkSRqefKnw5mW+\nvgirjrxSNQu23f44W30EC6Nkho18Nr+OcBKCG6iQYoRVhGi2C+JB9FDoT/oqB0Ua\nYpGc+HMWJsBE9qoh6SPMrqkjTa/lhGIhx3AV/RUzY0D3rhLY0a+jZCQkeSAez3z/\n0p9CcvrDqkv+3AeW2TcuEKVCYG1W96Ve5Pct6CiwCJNULefrtQ9HjZP50nXY3Wh+\nxh5RpxZLvH2q7E1cIm1AA6gu1Ytsu7ECggEAeMXujzaaHAVwP0im44fLmy6g7hyB\njca4frdKjkYnRx49wxDZhtqBfck4mzoRFODJ56r1fMlXoHdM2oIWcY6ii4Oh274e\n5ptR7WXxVNqAgDZ0NC2eKamP2si47QK1Hz3vEvIv5poc6449rACgtfAbZSeg++Lj\njcsJd8sZ6Cp9CrsxHKEUjLEdP7Gq529KMC3RicLONHsMwfjEVbtCLk8bOpK3eYMw\ntgYqiQEHJBsnmyqmOkYfJUJwqer2gZPEZcN9DpcIVASlXB/p7muvpcnKZbWj0KXR\n82EYgQ/ahtb0kekWOoJhMtm7PVXE0ANN55rn4Y5FLD7oUW9cbP8mSV6e6g==\n-----END RSA PRIVATE KEY-----\n",
      "type": "string"
    }
  },
  "resources": [
    {
      "mode": "managed",
      "type": "aws_instance",
      "name": "caldera_server",
      "provider": "provider[\"registry.terraform.io/hashicorp/aws\"]",
      "instances": [
        {
          "schema_version": 1,
          "attributes": {
            "ami": "ami-09d56f8956ab235b3",
            "arn": "arn:aws:ec2:us-east-1:294140702112:instance/i-00a3c4e7d8e1393af",
            "associate_public_ip_address": true,
            "availability_zone": "us-east-1a",
            "capacity_reservation_specification": [
              {
                "capacity_reservation_preference": "open",
                "capacity_reservation_target": []
              }
            ],
            "cpu_core_count": 1,
            "cpu_threads_per_core": 2,
            "credit_specification": [
              {
                "cpu_credits": "unlimited"
              }
            ],
            "disable_api_stop": false,
            "disable_api_termination": false,
            "ebs_block_device": [],
            "ebs_optimized": false,
            "enclave_options": [
              {
                "enabled": false
              }
            ],
            "ephemeral_block_device": [],
            "get_password_data": false,
            "hibernation": false,
            "host_id": null,
            "iam_instance_profile": "",
            "id": "i-00a3c4e7d8e1393af",
            "instance_initiated_shutdown_behavior": "stop",
            "instance_state": "running",
            "instance_type": "t3.medium",
            "ipv6_address_count": 0,
            "ipv6_addresses": [],
            "key_name": "caldera-nodes",
            "launch_template": [],
            "maintenance_options": [
              {
                "auto_recovery": "default"
              }
            ],
            "metadata_options": [
              {
                "http_endpoint": "enabled",
                "http_put_response_hop_limit": 1,
                "http_tokens": "optional",
                "instance_metadata_tags": "disabled"
              }
            ],
            "monitoring": false,
            "network_interface": [],
            "outpost_arn": "",
            "password_data": "",
            "placement_group": "",
            "placement_partition_number": null,
            "primary_network_interface_id": "eni-0413047efad2c565f",
            "private_dns": "ip-172-23-6-95.ec2.internal",
            "private_dns_name_options": [
              {
                "enable_resource_name_dns_a_record": false,
                "enable_resource_name_dns_aaaa_record": false,
                "hostname_type": "ip-name"
              }
            ],
            "private_ip": "172.23.6.95",
            "public_dns": "ec2-34-230-34-202.compute-1.amazonaws.com",
            "public_ip": "34.230.34.202",
            "root_block_device": [
              {
                "delete_on_termination": true,
                "device_name": "/dev/sda1",
                "encrypted": false,
                "iops": 100,
                "kms_key_id": "",
                "tags": {},
                "throughput": 0,
                "volume_id": "vol-0b31f4b3f8ec63b2f",
                "volume_size": 8,
                "volume_type": "gp2"
              }
            ],
            "secondary_private_ips": [],
            "security_groups": [],
            "source_dest_check": true,
            "subnet_id": "subnet-05d52610d3773053b",
            "tags": {
              "Name": "caldera_server",
              "environment": "caldera-test"
            },
            "tags_all": {
              "Name": "caldera_server",
              "environment": "caldera-test"
            },
            "tenancy": "default",
            "timeouts": null,
            "user_data": null,
            "user_data_base64": null,
            "user_data_replace_on_change": false,
            "volume_tags": null,
            "vpc_security_group_ids": [
              "sg-0dba26b2ed8aca15c"
            ]
          },
          "sensitive_attributes": [],
          "private": "eyJlMmJmYjczMC1lY2FhLTExZTYtOGY4OC0zNDM2M2JjN2M0YzAiOnsiY3JlYXRlIjo2MDAwMDAwMDAwMDAsImRlbGV0ZSI6MTIwMDAwMDAwMDAwMCwidXBkYXRlIjo2MDAwMDAwMDAwMDB9LCJzY2hlbWFfdmVyc2lvbiI6IjEifQ==",
          "dependencies": [
            "aws_security_group.sg_caldera_server",
            "module.aws_rsa_key.aws_key_pair.worker",
            "module.aws_rsa_key.local_file.ssh_local",
            "module.aws_rsa_key.tls_private_key.ssh_key",
            "module.vpc.aws_cloudwatch_log_group.flow_log",
            "module.vpc.aws_customer_gateway.this",
            "module.vpc.aws_db_subnet_group.database",
            "module.vpc.aws_default_network_acl.this",
            "module.vpc.aws_default_route_table.default",
            "module.vpc.aws_default_security_group.this",
            "module.vpc.aws_default_vpc.this",
            "module.vpc.aws_egress_only_internet_gateway.this",
            "module.vpc.aws_eip.nat",
            "module.vpc.aws_elasticache_subnet_group.elasticache",
            "module.vpc.aws_flow_log.this",
            "module.vpc.aws_iam_policy.vpc_flow_log_cloudwatch",
            "module.vpc.aws_iam_role.vpc_flow_log_cloudwatch",
            "module.vpc.aws_iam_role_policy_attachment.vpc_flow_log_cloudwatch",
            "module.vpc.aws_internet_gateway.this",
            "module.vpc.aws_nat_gateway.this",
            "module.vpc.aws_network_acl.database",
            "module.vpc.aws_network_acl.elasticache",
            "module.vpc.aws_network_acl.intra",
            "module.vpc.aws_network_acl.outpost",
            "module.vpc.aws_network_acl.private",
            "module.vpc.aws_network_acl.public",
            "module.vpc.aws_network_acl.redshift",
            "module.vpc.aws_network_acl_rule.database_inbound",
            "module.vpc.aws_network_acl_rule.database_outbound",
            "module.vpc.aws_network_acl_rule.elasticache_inbound",
            "module.vpc.aws_network_acl_rule.elasticache_outbound",
            "module.vpc.aws_network_acl_rule.intra_inbound",
            "module.vpc.aws_network_acl_rule.intra_outbound",
            "module.vpc.aws_network_acl_rule.outpost_inbound",
            "module.vpc.aws_network_acl_rule.outpost_outbound",
            "module.vpc.aws_network_acl_rule.private_inbound",
            "module.vpc.aws_network_acl_rule.private_outbound",
            "module.vpc.aws_network_acl_rule.public_inbound",
            "module.vpc.aws_network_acl_rule.public_outbound",
            "module.vpc.aws_network_acl_rule.redshift_inbound",
            "module.vpc.aws_network_acl_rule.redshift_outbound",
            "module.vpc.aws_redshift_subnet_group.redshift",
            "module.vpc.aws_route.database_internet_gateway",
            "module.vpc.aws_route.database_ipv6_egress",
            "module.vpc.aws_route.database_nat_gateway",
            "module.vpc.aws_route.private_ipv6_egress",
            "module.vpc.aws_route.private_nat_gateway",
            "module.vpc.aws_route.public_internet_gateway",
            "module.vpc.aws_route.public_internet_gateway_ipv6",
            "module.vpc.aws_route_table.database",
            "module.vpc.aws_route_table.elasticache",
            "module.vpc.aws_route_table.intra",
            "module.vpc.aws_route_table.private",
            "module.vpc.aws_route_table.public",
            "module.vpc.aws_route_table.redshift",
            "module.vpc.aws_route_table_association.database",
            "module.vpc.aws_route_table_association.elasticache",
            "module.vpc.aws_route_table_association.intra",
            "module.vpc.aws_route_table_association.outpost",
            "module.vpc.aws_route_table_association.private",
            "module.vpc.aws_route_table_association.public",
            "module.vpc.aws_route_table_association.redshift",
            "module.vpc.aws_route_table_association.redshift_public",
            "module.vpc.aws_subnet.database",
            "module.vpc.aws_subnet.elasticache",
            "module.vpc.aws_subnet.intra",
            "module.vpc.aws_subnet.outpost",
            "module.vpc.aws_subnet.private",
            "module.vpc.aws_subnet.public",
            "module.vpc.aws_subnet.redshift",
            "module.vpc.aws_vpc.this",
            "module.vpc.aws_vpc_dhcp_options.this",
            "module.vpc.aws_vpc_dhcp_options_association.this",
            "module.vpc.aws_vpc_ipv4_cidr_block_association.this",
            "module.vpc.aws_vpn_gateway.this",
            "module.vpc.aws_vpn_gateway_attachment.this",
            "module.vpc.aws_vpn_gateway_route_propagation.intra",
            "module.vpc.aws_vpn_gateway_route_propagation.private",
            "module.vpc.aws_vpn_gateway_route_propagation.public",
            "module.vpc.data.aws_iam_policy_document.flow_log_cloudwatch_assume_role",
            "module.vpc.data.aws_iam_policy_document.vpc_flow_log_cloudwatch"
          ]
        }
      ]
    },
    {
      "mode": "managed",
      "type": "aws_security_group",
      "name": "sg_caldera_server",
      "provider": "provider[\"registry.terraform.io/hashicorp/aws\"]",
      "instances": [
        {
          "schema_version": 1,
          "attributes": {
            "arn": "arn:aws:ec2:us-east-1:294140702112:security-group/sg-0dba26b2ed8aca15c",
            "description": "Allow ports for caldera server",
            "egress": [
              {
                "cidr_blocks": [
                  "0.0.0.0/0"
                ],
                "description": "",
                "from_port": 0,
                "ipv6_cidr_blocks": [],
                "prefix_list_ids": [],
                "protocol": "-1",
                "security_groups": [],
                "self": false,
                "to_port": 0
              }
            ],
            "id": "sg-0dba26b2ed8aca15c",
            "ingress": [
              {
                "cidr_blocks": [
                  "0.0.0.0/0"
                ],
                "description": "Caldera server port",
                "from_port": 2288,
                "ipv6_cidr_blocks": [],
                "prefix_list_ids": [],
                "protocol": "tcp",
                "security_groups": [],
                "self": false,
                "to_port": 2288
              },
              {
                "cidr_blocks": [
                  "0.0.0.0/0"
                ],
                "description": "SSH from VPC",
                "from_port": 22,
                "ipv6_cidr_blocks": [],
                "prefix_list_ids": [],
                "protocol": "tcp",
                "security_groups": [],
                "self": false,
                "to_port": 22
              }
            ],
            "name": "sg_caldera_server",
            "name_prefix": "",
            "owner_id": "294140702112",
            "revoke_rules_on_delete": false,
            "tags": {
              "environment": "caldera-test"
            },
            "tags_all": {
              "environment": "caldera-test"
            },
            "timeouts": null,
            "vpc_id": "vpc-08184815c04c3a21e"
          },
          "sensitive_attributes": [],
          "private": "eyJlMmJmYjczMC1lY2FhLTExZTYtOGY4OC0zNDM2M2JjN2M0YzAiOnsiY3JlYXRlIjo2MDAwMDAwMDAwMDAsImRlbGV0ZSI6OTAwMDAwMDAwMDAwfSwic2NoZW1hX3ZlcnNpb24iOiIxIn0=",
          "dependencies": [
            "module.vpc.aws_vpc.this"
          ]
        }
      ]
    },
    {
      "module": "module.aws_rsa_key",
      "mode": "managed",
      "type": "aws_key_pair",
      "name": "worker",
      "provider": "provider[\"registry.terraform.io/hashicorp/aws\"]",
      "instances": [
        {
          "schema_version": 1,
          "attributes": {
            "arn": "arn:aws:ec2:us-east-1:294140702112:key-pair/caldera-nodes",
            "fingerprint": "f4:db:97:bd:9d:6d:ac:eb:5f:70:2c:be:7b:4c:ac:bf",
            "id": "caldera-nodes",
            "key_name": "caldera-nodes",
            "key_name_prefix": "",
            "key_pair_id": "key-0038c91a9f66bc770",
            "key_type": "rsa",
            "public_key": "ssh-rsa AAAAB3NzaC1yc2EAAAADAQABAAACAQDIgGpBh0U4+wniXeE6OIZ2Gi5fEu9vhVx/heovVo6V0+uA6vh/Skj0Ir7TduU2gr0gsdgL03/VN8EsQ5JiBE2AA0R/dBc1Q/jb/N9L8oM0GqzpIcjyqfvsVRJuy88BZam1MSniI/GvMhZaW6oUZXnKLTbWAAtd0vBLWkvdJ/KNGojTyQAqsGpAFUWF2/T4HR2mddkgplNTYCbKfVGJ/G0tmszgAM/Aud3OH+rMkv9XjcreR+5T0sUOAaEMYSDcf0v4sGf3M+pHGQFSBjH6CWzBxz19A+CY0zPbPsRW+OhYQEdAP7T5T2hm+axWLDus0biXGtT5QomMT0IvOYGcf/ShgAb1eemt9uzTVx/MearfKAT79njw1DY5i68paRDePVbZ2S9xZUNUjpau1u6fOhTnBRgWltF3xD/YymZDKyxLT6zczRAWgoWzA70wYRIxlIDhL3f3UCUFubR4+ZTSOThACNdozGp14nF08QtCoNKeY+iLd2s9rDE+Do4ro+qAltZCB7zmuY1aEk0OFUdtF0DLns2KXSJURuYUlL4ECbn/EZNE0h2tCYo76fnkz4CjlYXuJyVbsqnOKdja7EexH+40kfxl6s1KvCjcIwoEuKAtoYwl20roT36bFEYKKveSiTPXPUP/+AF5CnU63Dq+Qeb3nL2Lzw3FG7XC9cxfa79E5w==",
            "tags": null,
            "tags_all": {}
          },
          "sensitive_attributes": [],
          "private": "eyJzY2hlbWFfdmVyc2lvbiI6IjEifQ==",
          "dependencies": [
            "module.aws_rsa_key.tls_private_key.ssh_key",
            "module.vpc.aws_cloudwatch_log_group.flow_log",
            "module.vpc.aws_customer_gateway.this",
            "module.vpc.aws_db_subnet_group.database",
            "module.vpc.aws_default_network_acl.this",
            "module.vpc.aws_default_route_table.default",
            "module.vpc.aws_default_security_group.this",
            "module.vpc.aws_default_vpc.this",
            "module.vpc.aws_egress_only_internet_gateway.this",
            "module.vpc.aws_eip.nat",
            "module.vpc.aws_elasticache_subnet_group.elasticache",
            "module.vpc.aws_flow_log.this",
            "module.vpc.aws_iam_policy.vpc_flow_log_cloudwatch",
            "module.vpc.aws_iam_role.vpc_flow_log_cloudwatch",
            "module.vpc.aws_iam_role_policy_attachment.vpc_flow_log_cloudwatch",
            "module.vpc.aws_internet_gateway.this",
            "module.vpc.aws_nat_gateway.this",
            "module.vpc.aws_network_acl.database",
            "module.vpc.aws_network_acl.elasticache",
            "module.vpc.aws_network_acl.intra",
            "module.vpc.aws_network_acl.outpost",
            "module.vpc.aws_network_acl.private",
            "module.vpc.aws_network_acl.public",
            "module.vpc.aws_network_acl.redshift",
            "module.vpc.aws_network_acl_rule.database_inbound",
            "module.vpc.aws_network_acl_rule.database_outbound",
            "module.vpc.aws_network_acl_rule.elasticache_inbound",
            "module.vpc.aws_network_acl_rule.elasticache_outbound",
            "module.vpc.aws_network_acl_rule.intra_inbound",
            "module.vpc.aws_network_acl_rule.intra_outbound",
            "module.vpc.aws_network_acl_rule.outpost_inbound",
            "module.vpc.aws_network_acl_rule.outpost_outbound",
            "module.vpc.aws_network_acl_rule.private_inbound",
            "module.vpc.aws_network_acl_rule.private_outbound",
            "module.vpc.aws_network_acl_rule.public_inbound",
            "module.vpc.aws_network_acl_rule.public_outbound",
            "module.vpc.aws_network_acl_rule.redshift_inbound",
            "module.vpc.aws_network_acl_rule.redshift_outbound",
            "module.vpc.aws_redshift_subnet_group.redshift",
            "module.vpc.aws_route.database_internet_gateway",
            "module.vpc.aws_route.database_ipv6_egress",
            "module.vpc.aws_route.database_nat_gateway",
            "module.vpc.aws_route.private_ipv6_egress",
            "module.vpc.aws_route.private_nat_gateway",
            "module.vpc.aws_route.public_internet_gateway",
            "module.vpc.aws_route.public_internet_gateway_ipv6",
            "module.vpc.aws_route_table.database",
            "module.vpc.aws_route_table.elasticache",
            "module.vpc.aws_route_table.intra",
            "module.vpc.aws_route_table.private",
            "module.vpc.aws_route_table.public",
            "module.vpc.aws_route_table.redshift",
            "module.vpc.aws_route_table_association.database",
            "module.vpc.aws_route_table_association.elasticache",
            "module.vpc.aws_route_table_association.intra",
            "module.vpc.aws_route_table_association.outpost",
            "module.vpc.aws_route_table_association.private",
            "module.vpc.aws_route_table_association.public",
            "module.vpc.aws_route_table_association.redshift",
            "module.vpc.aws_route_table_association.redshift_public",
            "module.vpc.aws_subnet.database",
            "module.vpc.aws_subnet.elasticache",
            "module.vpc.aws_subnet.intra",
            "module.vpc.aws_subnet.outpost",
            "module.vpc.aws_subnet.private",
            "module.vpc.aws_subnet.public",
            "module.vpc.aws_subnet.redshift",
            "module.vpc.aws_vpc.this",
            "module.vpc.aws_vpc_dhcp_options.this",
            "module.vpc.aws_vpc_dhcp_options_association.this",
            "module.vpc.aws_vpc_ipv4_cidr_block_association.this",
            "module.vpc.aws_vpn_gateway.this",
            "module.vpc.aws_vpn_gateway_attachment.this",
            "module.vpc.aws_vpn_gateway_route_propagation.intra",
            "module.vpc.aws_vpn_gateway_route_propagation.private",
            "module.vpc.aws_vpn_gateway_route_propagation.public",
            "module.vpc.data.aws_iam_policy_document.flow_log_cloudwatch_assume_role",
            "module.vpc.data.aws_iam_policy_document.vpc_flow_log_cloudwatch"
          ]
        }
      ]
    },
    {
      "module": "module.aws_rsa_key",
      "mode": "managed",
      "type": "tls_private_key",
      "name": "ssh_key",
      "provider": "provider[\"registry.terraform.io/hashicorp/tls\"]",
      "instances": [
        {
          "schema_version": 1,
          "attributes": {
            "algorithm": "RSA",
            "ecdsa_curve": "P224",
            "id": "d4f37fadcaef15d569613a237cd8e458bf1e6c4d",
            "private_key_openssh": "-----BEGIN OPENSSH PRIVATE KEY-----\nb3BlbnNzaC1rZXktdjEAAAAABG5vbmUAAAAEbm9uZQAAAAAAAAABAAACFwAAAAdz\nc2gtcnNhAAAAAwEAAQAAAgEAyIBqQYdFOPsJ4l3hOjiGdhouXxLvb4Vcf4XqL1aO\nldPrgOr4f0pI9CK+03blNoK9ILHYC9N/1TfBLEOSYgRNgANEf3QXNUP42/zfS/KD\nNBqs6SHI8qn77FUSbsvPAWWptTEp4iPxrzIWWluqFGV5yi021gALXdLwS1pL3Sfy\njRqI08kAKrBqQBVFhdv0+B0dpnXZIKZTU2Amyn1RifxtLZrM4ADPwLndzh/qzJL/\nV43K3kfuU9LFDgGhDGEg3H9L+LBn9zPqRxkBUgYx+glswcc9fQPgmNMz2z7EVvjo\nWEBHQD+0+U9oZvmsViw7rNG4lxrU+UKJjE9CLzmBnH/0oYAG9Xnprfbs01cfzHmq\n3ygE+/Z48NQ2OYuvKWkQ3j1W2dkvcWVDVI6WrtbunzoU5wUYFpbRd8Q/2MpmQyss\nS0+s3M0QFoKFswO9MGESMZSA4S9391AlBbm0ePmU0jk4QAjXaMxqdeJxdPELQqDS\nnmPoi3drPawxPg6OK6PqgJbWQge85rmNWhJNDhVHbRdAy57Nil0iVEbmFJS+BAm5\n/xGTRNIdrQmKO+n55M+Ao5WF7iclW7KpzinY2uxHsR/uNJH8ZerNSrwo3CMKBLig\nLaGMJdtK6E9+mxRGCir3kokz1z1D//gBeQp1Otw6vkHm95y9i88NxRu1wvXMX2u/\nROcAAAc48pZL5fKWS+UAAAAHc3NoLXJzYQAAAgEAyIBqQYdFOPsJ4l3hOjiGdhou\nXxLvb4Vcf4XqL1aOldPrgOr4f0pI9CK+03blNoK9ILHYC9N/1TfBLEOSYgRNgANE\nf3QXNUP42/zfS/KDNBqs6SHI8qn77FUSbsvPAWWptTEp4iPxrzIWWluqFGV5yi02\n1gALXdLwS1pL3SfyjRqI08kAKrBqQBVFhdv0+B0dpnXZIKZTU2Amyn1RifxtLZrM\n4ADPwLndzh/qzJL/V43K3kfuU9LFDgGhDGEg3H9L+LBn9zPqRxkBUgYx+glswcc9\nfQPgmNMz2z7EVvjoWEBHQD+0+U9oZvmsViw7rNG4lxrU+UKJjE9CLzmBnH/0oYAG\n9Xnprfbs01cfzHmq3ygE+/Z48NQ2OYuvKWkQ3j1W2dkvcWVDVI6WrtbunzoU5wUY\nFpbRd8Q/2MpmQyssS0+s3M0QFoKFswO9MGESMZSA4S9391AlBbm0ePmU0jk4QAjX\naMxqdeJxdPELQqDSnmPoi3drPawxPg6OK6PqgJbWQge85rmNWhJNDhVHbRdAy57N\nil0iVEbmFJS+BAm5/xGTRNIdrQmKO+n55M+Ao5WF7iclW7KpzinY2uxHsR/uNJH8\nZerNSrwo3CMKBLigLaGMJdtK6E9+mxRGCir3kokz1z1D//gBeQp1Otw6vkHm95y9\ni88NxRu1wvXMX2u/ROcAAAADAQABAAACAGr9MzXyU7rbImQbimLB5OZChDoRZZjR\nxhD6SYOnIYDLy6BIQf/SiOlVXRSEHj2fOAKpQ8rTuiPxk2/mQsdw2lYT6EpGjVfM\nBJCG+DSTnPWBwoDImWz7zcVHhAWBVd29/PgF2v6kBYRiKtFelnw5xepfhCJfdbFE\nLRtYfKDvfxtSbG7uk9sztg6qCyYpwCdhif/YZNtqRY55AVoN0yPZgfzS3L4vUKzb\nwYMLPwSY8A4tSHKiWYd7MdGOhvyPG7TtbIGwyFl952a27iBx09tDijhA9AuwtPl3\nwfUdIjHysjDdY+fh1tUuTVydoBt/kPxgEKr5E2pK2hD3/i4q9oGnOca+O0QgG0me\ncxle7BqFsN/oo3iRWfkgSa4mQdoIzqrxrYWu/TnN4Dwszni3xnZTKBskBwX5/dPG\nlm2OZ6/TYZ/WJz8TJBR9JW6mLSniyti+r+KujqnQo69CCczx7QRqCDjfF8EE/moY\n4fh5jw3q/oaJZzm7vt6ZcLCuBGzWtkn5SwOkmJACnXRlqCRnK6SPhMYlLORv2exN\ncS7f0UolIQ6gGVu4M+PCGgriZk0HBcuQbIRDecQujqOincmsVpGqJZ045UZrE/Aq\nbk/aH33DbQMfOU8M5hNxnuBhKsgNDX0q3EfqErHj455Y8dpUYV0NzZrabQM0wmNx\ng1x5uso1t01JAAABAHjF7o82mhwFcD9IpuOHy5suoO4cgY3GuH63So5GJ0cePcMQ\n2YbagX3JOJs6ERTgyeeq9XzJV6B3TNqCFnGOoouDodu+HuabUe1l8VTagIA2dDQt\nnimpj9rIuO0CtR897xLyL+aaHOuOPawAoLXwG2UnoPvi443LCXfLGegqfQq7MRyh\nFIyxHT+xqudvSjAt0YnCzjR7DMH4xFW7Qi5PGzqSt3mDMLYGKokBByQbJ5sqpjpG\nHyVCcKnq9oGTxGXDfQ6XCFQEpVwf6e5rr6XJymW1o9Cl0fNhGIEP2obW9JHpFjqC\nYTLZuz1VxNADTeea5+GORSw+6FFvXGz/JklenuoAAAEBAOMN4e9Fj9BOw/pxRQX3\nuUWTll4NCqQ16DcIR8qC2cdFOD/kCjpoHWVS6bRikcJ7H29Md+sD2n5llpO2PGaU\nQjZ5/BfzMzpsuYxlY0U79lHyXTVjLpqE1EO2EnF8Cc69oqmM8hdY0wEkBqhbUG7L\nb+wjvJKQChN3L8KWdGivK3OnehSTLVaLG9CM4h081qv3XBS/DVjCqqjHtOdm3lK1\ng+i+rDq26Q6GTv8Wvzn0qpH0R4xfUHGvKJN1qpWa5qtGuN1xc+eNEPRr1ejCIq60\n2Jn4WkzauUWsdvfGzQQq9Kie8eOYrCAYutnt5w0e9E0EUUPuhVHbKrQ/4lhNjqup\nT20AAAEBAOIP9ubQ4FyXqdBgXdC3cq24EOZ1tHc8q7kLDQYyzsOPBrYI74t4UxDp\nmfjsGEoaAC9jybUUWkRDN39zOq7xvq5uSb6OEgrZSBbxUNp5ssSkXTR+vG5YBcor\nh9V7Ax4SYYardwCAfrcjAboAoKOXvWuRR3t5swMpnfuVBDnPiQ5xu8Oqw0wV2NUi\nee+I5va3EzcjggatTRQTQlZOvIw05HJsDFJyUx2MAOnakHG8phSAFZEHrkSy+quG\niWPE8M8f2VuriIQ7nLKK3tsKXvJOMmFyNRXGpFPGqanaEXUlIf4OsYyDDvvgrJZa\nbf4BRXqds7ESNtd156vRv3XvKyrobSMAAAAAAQID\n-----END OPENSSH PRIVATE KEY-----\n",
            "private_key_pem": "-----BEGIN RSA PRIVATE KEY-----\nMIIJJwIBAAKCAgEAyIBqQYdFOPsJ4l3hOjiGdhouXxLvb4Vcf4XqL1aOldPrgOr4\nf0pI9CK+03blNoK9ILHYC9N/1TfBLEOSYgRNgANEf3QXNUP42/zfS/KDNBqs6SHI\n8qn77FUSbsvPAWWptTEp4iPxrzIWWluqFGV5yi021gALXdLwS1pL3SfyjRqI08kA\nKrBqQBVFhdv0+B0dpnXZIKZTU2Amyn1RifxtLZrM4ADPwLndzh/qzJL/V43K3kfu\nU9LFDgGhDGEg3H9L+LBn9zPqRxkBUgYx+glswcc9fQPgmNMz2z7EVvjoWEBHQD+0\n+U9oZvmsViw7rNG4lxrU+UKJjE9CLzmBnH/0oYAG9Xnprfbs01cfzHmq3ygE+/Z4\n8NQ2OYuvKWkQ3j1W2dkvcWVDVI6WrtbunzoU5wUYFpbRd8Q/2MpmQyssS0+s3M0Q\nFoKFswO9MGESMZSA4S9391AlBbm0ePmU0jk4QAjXaMxqdeJxdPELQqDSnmPoi3dr\nPawxPg6OK6PqgJbWQge85rmNWhJNDhVHbRdAy57Nil0iVEbmFJS+BAm5/xGTRNId\nrQmKO+n55M+Ao5WF7iclW7KpzinY2uxHsR/uNJH8ZerNSrwo3CMKBLigLaGMJdtK\n6E9+mxRGCir3kokz1z1D//gBeQp1Otw6vkHm95y9i88NxRu1wvXMX2u/ROcCAwEA\nAQKCAgBq/TM18lO62yJkG4piweTmQoQ6EWWY0cYQ+kmDpyGAy8ugSEH/0ojpVV0U\nhB49nzgCqUPK07oj8ZNv5kLHcNpWE+hKRo1XzASQhvg0k5z1gcKAyJls+83FR4QF\ngVXdvfz4Bdr+pAWEYirRXpZ8OcXqX4QiX3WxRC0bWHyg738bUmxu7pPbM7YOqgsm\nKcAnYYn/2GTbakWOeQFaDdMj2YH80ty+L1Cs28GDCz8EmPAOLUhyolmHezHRjob8\njxu07WyBsMhZfedmtu4gcdPbQ4o4QPQLsLT5d8H1HSIx8rIw3WPn4dbVLk1cnaAb\nf5D8YBCq+RNqStoQ9/4uKvaBpznGvjtEIBtJnnMZXuwahbDf6KN4kVn5IEmuJkHa\nCM6q8a2Frv05zeA8LM54t8Z2UygbJAcF+f3TxpZtjmev02Gf1ic/EyQUfSVupi0p\n4srYvq/iro6p0KOvQgnM8e0Eagg43xfBBP5qGOH4eY8N6v6GiWc5u77emXCwrgRs\n1rZJ+UsDpJiQAp10ZagkZyukj4TGJSzkb9nsTXEu39FKJSEOoBlbuDPjwhoK4mZN\nBwXLkGyEQ3nELo6jop3JrFaRqiWdOOVGaxPwKm5P2h99w20DHzlPDOYTcZ7gYSrI\nDQ19KtxH6hKx4+OeWPHaVGFdDc2a2m0DNMJjcYNcebrKNbdNSQKCAQEA4w3h70WP\n0E7D+nFFBfe5RZOWXg0KpDXoNwhHyoLZx0U4P+QKOmgdZVLptGKRwnsfb0x36wPa\nfmWWk7Y8ZpRCNnn8F/MzOmy5jGVjRTv2UfJdNWMumoTUQ7YScXwJzr2iqYzyF1jT\nASQGqFtQbstv7CO8kpAKE3cvwpZ0aK8rc6d6FJMtVosb0IziHTzWq/dcFL8NWMKq\nqMe052beUrWD6L6sOrbpDoZO/xa/OfSqkfRHjF9Qca8ok3WqlZrmq0a43XFz540Q\n9GvV6MIirrTYmfhaTNq5Rax298bNBCr0qJ7x45isIBi62e3nDR70TQRRQ+6FUdsq\ntD/iWE2Oq6lPbQKCAQEA4g/25tDgXJep0GBd0LdyrbgQ5nW0dzyruQsNBjLOw48G\ntgjvi3hTEOmZ+OwYShoAL2PJtRRaREM3f3M6rvG+rm5Jvo4SCtlIFvFQ2nmyxKRd\nNH68blgFyiuH1XsDHhJhhqt3AIB+tyMBugCgo5e9a5FHe3mzAymd+5UEOc+JDnG7\nw6rDTBXY1SJ574jm9rcTNyOCBq1NFBNCVk68jDTkcmwMUnJTHYwA6dqQcbymFIAV\nkQeuRLL6q4aJY8Twzx/ZW6uIhDucsore2wpe8k4yYXI1FcakU8apqdoRdSUh/g6x\njIMO++Csllpt/gFFep2zsRI213Xnq9G/de8rKuhtIwKCAQBw+Xpe1MzfCCIJXgzL\nEFy2Wt4pw/F0jYISx+L4x6zWswFvAOd58k4WGXBBmf4Ot7aHaZQNcuhnleKbcsSR\nAdoEQyQFQrRNsMWOLvB7BX/lfGOWadhJeCgp3NFGeEJlBQSHuqLGrSKoYaWSZYUa\n68yvwYRVpKfu0ZIJD1WytN44+K8Mx8J6WlMnrMHhbGEgRb8ib4GTlaDWxC+mKBAd\nNUYCK8WEnXhPCtMJp+bUToIEh3iGRvK+7jmRTa3oLJ/zvwfC322dXBqAk5tm6hnZ\nthBEZEeCEB65pTu4w8lE9p6vvA59gXy7p7JpNy+M3scN/0T0OR1LAnM4JsVXzJdd\noKvtAoIBAFGLIKyxu7yqmH6pxC19fshbFP2Mh8RbBjaBXflWam7wMKOJJZ9Rj+UR\n3pCD2V8hcd+mRyQia00kUeiPUCO63+Vbsw4hgTCYoABmm5uzOmDkSRqefKnw5mW+\nvgirjrxSNQu23f44W30EC6Nkho18Nr+OcBKCG6iQYoRVhGi2C+JB9FDoT/oqB0Ua\nYpGc+HMWJsBE9qoh6SPMrqkjTa/lhGIhx3AV/RUzY0D3rhLY0a+jZCQkeSAez3z/\n0p9CcvrDqkv+3AeW2TcuEKVCYG1W96Ve5Pct6CiwCJNULefrtQ9HjZP50nXY3Wh+\nxh5RpxZLvH2q7E1cIm1AA6gu1Ytsu7ECggEAeMXujzaaHAVwP0im44fLmy6g7hyB\njca4frdKjkYnRx49wxDZhtqBfck4mzoRFODJ56r1fMlXoHdM2oIWcY6ii4Oh274e\n5ptR7WXxVNqAgDZ0NC2eKamP2si47QK1Hz3vEvIv5poc6449rACgtfAbZSeg++Lj\njcsJd8sZ6Cp9CrsxHKEUjLEdP7Gq529KMC3RicLONHsMwfjEVbtCLk8bOpK3eYMw\ntgYqiQEHJBsnmyqmOkYfJUJwqer2gZPEZcN9DpcIVASlXB/p7muvpcnKZbWj0KXR\n82EYgQ/ahtb0kekWOoJhMtm7PVXE0ANN55rn4Y5FLD7oUW9cbP8mSV6e6g==\n-----END RSA PRIVATE KEY-----\n",
            "private_key_pem_pkcs8": "-----BEGIN PRIVATE KEY-----\nMIIJQQIBADANBgkqhkiG9w0BAQEFAASCCSswggknAgEAAoICAQDIgGpBh0U4+wni\nXeE6OIZ2Gi5fEu9vhVx/heovVo6V0+uA6vh/Skj0Ir7TduU2gr0gsdgL03/VN8Es\nQ5JiBE2AA0R/dBc1Q/jb/N9L8oM0GqzpIcjyqfvsVRJuy88BZam1MSniI/GvMhZa\nW6oUZXnKLTbWAAtd0vBLWkvdJ/KNGojTyQAqsGpAFUWF2/T4HR2mddkgplNTYCbK\nfVGJ/G0tmszgAM/Aud3OH+rMkv9XjcreR+5T0sUOAaEMYSDcf0v4sGf3M+pHGQFS\nBjH6CWzBxz19A+CY0zPbPsRW+OhYQEdAP7T5T2hm+axWLDus0biXGtT5QomMT0Iv\nOYGcf/ShgAb1eemt9uzTVx/MearfKAT79njw1DY5i68paRDePVbZ2S9xZUNUjpau\n1u6fOhTnBRgWltF3xD/YymZDKyxLT6zczRAWgoWzA70wYRIxlIDhL3f3UCUFubR4\n+ZTSOThACNdozGp14nF08QtCoNKeY+iLd2s9rDE+Do4ro+qAltZCB7zmuY1aEk0O\nFUdtF0DLns2KXSJURuYUlL4ECbn/EZNE0h2tCYo76fnkz4CjlYXuJyVbsqnOKdja\n7EexH+40kfxl6s1KvCjcIwoEuKAtoYwl20roT36bFEYKKveSiTPXPUP/+AF5CnU6\n3Dq+Qeb3nL2Lzw3FG7XC9cxfa79E5wIDAQABAoICAGr9MzXyU7rbImQbimLB5OZC\nhDoRZZjRxhD6SYOnIYDLy6BIQf/SiOlVXRSEHj2fOAKpQ8rTuiPxk2/mQsdw2lYT\n6EpGjVfMBJCG+DSTnPWBwoDImWz7zcVHhAWBVd29/PgF2v6kBYRiKtFelnw5xepf\nhCJfdbFELRtYfKDvfxtSbG7uk9sztg6qCyYpwCdhif/YZNtqRY55AVoN0yPZgfzS\n3L4vUKzbwYMLPwSY8A4tSHKiWYd7MdGOhvyPG7TtbIGwyFl952a27iBx09tDijhA\n9AuwtPl3wfUdIjHysjDdY+fh1tUuTVydoBt/kPxgEKr5E2pK2hD3/i4q9oGnOca+\nO0QgG0mecxle7BqFsN/oo3iRWfkgSa4mQdoIzqrxrYWu/TnN4Dwszni3xnZTKBsk\nBwX5/dPGlm2OZ6/TYZ/WJz8TJBR9JW6mLSniyti+r+KujqnQo69CCczx7QRqCDjf\nF8EE/moY4fh5jw3q/oaJZzm7vt6ZcLCuBGzWtkn5SwOkmJACnXRlqCRnK6SPhMYl\nLORv2exNcS7f0UolIQ6gGVu4M+PCGgriZk0HBcuQbIRDecQujqOincmsVpGqJZ04\n5UZrE/Aqbk/aH33DbQMfOU8M5hNxnuBhKsgNDX0q3EfqErHj455Y8dpUYV0NzZra\nbQM0wmNxg1x5uso1t01JAoIBAQDjDeHvRY/QTsP6cUUF97lFk5ZeDQqkNeg3CEfK\ngtnHRTg/5Ao6aB1lUum0YpHCex9vTHfrA9p+ZZaTtjxmlEI2efwX8zM6bLmMZWNF\nO/ZR8l01Yy6ahNRDthJxfAnOvaKpjPIXWNMBJAaoW1Buy2/sI7ySkAoTdy/ClnRo\nrytzp3oUky1WixvQjOIdPNar91wUvw1Ywqqox7TnZt5StYPovqw6tukOhk7/Fr85\n9KqR9EeMX1BxryiTdaqVmuarRrjdcXPnjRD0a9XowiKutNiZ+FpM2rlFrHb3xs0E\nKvSonvHjmKwgGLrZ7ecNHvRNBFFD7oVR2yq0P+JYTY6rqU9tAoIBAQDiD/bm0OBc\nl6nQYF3Qt3KtuBDmdbR3PKu5Cw0GMs7Djwa2CO+LeFMQ6Zn47BhKGgAvY8m1FFpE\nQzd/czqu8b6ubkm+jhIK2UgW8VDaebLEpF00frxuWAXKK4fVewMeEmGGq3cAgH63\nIwG6AKCjl71rkUd7ebMDKZ37lQQ5z4kOcbvDqsNMFdjVInnviOb2txM3I4IGrU0U\nE0JWTryMNORybAxSclMdjADp2pBxvKYUgBWRB65EsvqrholjxPDPH9lbq4iEO5yy\nit7bCl7yTjJhcjUVxqRTxqmp2hF1JSH+DrGMgw774KyWWm3+AUV6nbOxEjbXdeer\n0b917ysq6G0jAoIBAHD5el7UzN8IIgleDMsQXLZa3inD8XSNghLH4vjHrNazAW8A\n53nyThYZcEGZ/g63todplA1y6GeV4ptyxJEB2gRDJAVCtE2wxY4u8HsFf+V8Y5Zp\n2El4KCnc0UZ4QmUFBIe6osatIqhhpZJlhRrrzK/BhFWkp+7RkgkPVbK03jj4rwzH\nwnpaUyesweFsYSBFvyJvgZOVoNbEL6YoEB01RgIrxYSdeE8K0wmn5tROggSHeIZG\n8r7uOZFNregsn/O/B8LfbZ1cGoCTm2bqGdm2EERkR4IQHrmlO7jDyUT2nq+8Dn2B\nfLunsmk3L4zexw3/RPQ5HUsCczgmxVfMl12gq+0CggEAUYsgrLG7vKqYfqnELX1+\nyFsU/YyHxFsGNoFd+VZqbvAwo4kln1GP5RHekIPZXyFx36ZHJCJrTSRR6I9QI7rf\n5VuzDiGBMJigAGabm7M6YORJGp58qfDmZb6+CKuOvFI1C7bd/jhbfQQLo2SGjXw2\nv45wEoIbqJBihFWEaLYL4kH0UOhP+ioHRRpikZz4cxYmwET2qiHpI8yuqSNNr+WE\nYiHHcBX9FTNjQPeuEtjRr6NkJCR5IB7PfP/Sn0Jy+sOqS/7cB5bZNy4QpUJgbVb3\npV7k9y3oKLAIk1Qt5+u1D0eNk/nSddjdaH7GHlGnFku8farsTVwibUADqC7Vi2y7\nsQKCAQB4xe6PNpocBXA/SKbjh8ubLqDuHIGNxrh+t0qORidHHj3DENmG2oF9yTib\nOhEU4MnnqvV8yVegd0zaghZxjqKLg6Hbvh7mm1HtZfFU2oCANnQ0LZ4pqY/ayLjt\nArUfPe8S8i/mmhzrjj2sAKC18BtlJ6D74uONywl3yxnoKn0KuzEcoRSMsR0/sarn\nb0owLdGJws40ewzB+MRVu0IuTxs6krd5gzC2BiqJAQckGyebKqY6Rh8lQnCp6vaB\nk8Rlw30OlwhUBKVcH+nua6+lycpltaPQpdHzYRiBD9qG1vSR6RY6gmEy2bs9VcTQ\nA03nmufhjkUsPuhRb1xs/yZJXp7q\n-----END PRIVATE KEY-----\n",
            "public_key_fingerprint_md5": "3e:45:6b:1d:86:72:d0:25:ff:48:e5:f1:4f:5f:5e:88",
            "public_key_fingerprint_sha256": "SHA256:EW2sKddadwfZmc7DvEo9wzn4p+SxNt1r2dXm0+GJgtk",
            "public_key_openssh": "ssh-rsa AAAAB3NzaC1yc2EAAAADAQABAAACAQDIgGpBh0U4+wniXeE6OIZ2Gi5fEu9vhVx/heovVo6V0+uA6vh/Skj0Ir7TduU2gr0gsdgL03/VN8EsQ5JiBE2AA0R/dBc1Q/jb/N9L8oM0GqzpIcjyqfvsVRJuy88BZam1MSniI/GvMhZaW6oUZXnKLTbWAAtd0vBLWkvdJ/KNGojTyQAqsGpAFUWF2/T4HR2mddkgplNTYCbKfVGJ/G0tmszgAM/Aud3OH+rMkv9XjcreR+5T0sUOAaEMYSDcf0v4sGf3M+pHGQFSBjH6CWzBxz19A+CY0zPbPsRW+OhYQEdAP7T5T2hm+axWLDus0biXGtT5QomMT0IvOYGcf/ShgAb1eemt9uzTVx/MearfKAT79njw1DY5i68paRDePVbZ2S9xZUNUjpau1u6fOhTnBRgWltF3xD/YymZDKyxLT6zczRAWgoWzA70wYRIxlIDhL3f3UCUFubR4+ZTSOThACNdozGp14nF08QtCoNKeY+iLd2s9rDE+Do4ro+qAltZCB7zmuY1aEk0OFUdtF0DLns2KXSJURuYUlL4ECbn/EZNE0h2tCYo76fnkz4CjlYXuJyVbsqnOKdja7EexH+40kfxl6s1KvCjcIwoEuKAtoYwl20roT36bFEYKKveSiTPXPUP/+AF5CnU63Dq+Qeb3nL2Lzw3FG7XC9cxfa79E5w==\n",
            "public_key_pem": "-----BEGIN PUBLIC KEY-----\nMIICIjANBgkqhkiG9w0BAQEFAAOCAg8AMIICCgKCAgEAyIBqQYdFOPsJ4l3hOjiG\ndhouXxLvb4Vcf4XqL1aOldPrgOr4f0pI9CK+03blNoK9ILHYC9N/1TfBLEOSYgRN\ngANEf3QXNUP42/zfS/KDNBqs6SHI8qn77FUSbsvPAWWptTEp4iPxrzIWWluqFGV5\nyi021gALXdLwS1pL3SfyjRqI08kAKrBqQBVFhdv0+B0dpnXZIKZTU2Amyn1Rifxt\nLZrM4ADPwLndzh/qzJL/V43K3kfuU9LFDgGhDGEg3H9L+LBn9zPqRxkBUgYx+gls\nwcc9fQPgmNMz2z7EVvjoWEBHQD+0+U9oZvmsViw7rNG4lxrU+UKJjE9CLzmBnH/0\noYAG9Xnprfbs01cfzHmq3ygE+/Z48NQ2OYuvKWkQ3j1W2dkvcWVDVI6WrtbunzoU\n5wUYFpbRd8Q/2MpmQyssS0+s3M0QFoKFswO9MGESMZSA4S9391AlBbm0ePmU0jk4\nQAjXaMxqdeJxdPELQqDSnmPoi3drPawxPg6OK6PqgJbWQge85rmNWhJNDhVHbRdA\ny57Nil0iVEbmFJS+BAm5/xGTRNIdrQmKO+n55M+Ao5WF7iclW7KpzinY2uxHsR/u\nNJH8ZerNSrwo3CMKBLigLaGMJdtK6E9+mxRGCir3kokz1z1D//gBeQp1Otw6vkHm\n95y9i88NxRu1wvXMX2u/ROcCAwEAAQ==\n-----END PUBLIC KEY-----\n",
            "rsa_bits": 4096
          },
          "sensitive_attributes": [],
          "dependencies": [
            "module.vpc.aws_cloudwatch_log_group.flow_log",
            "module.vpc.aws_customer_gateway.this",
            "module.vpc.aws_db_subnet_group.database",
            "module.vpc.aws_default_network_acl.this",
            "module.vpc.aws_default_route_table.default",
            "module.vpc.aws_default_security_group.this",
            "module.vpc.aws_default_vpc.this",
            "module.vpc.aws_egress_only_internet_gateway.this",
            "module.vpc.aws_eip.nat",
            "module.vpc.aws_elasticache_subnet_group.elasticache",
            "module.vpc.aws_flow_log.this",
            "module.vpc.aws_iam_policy.vpc_flow_log_cloudwatch",
            "module.vpc.aws_iam_role.vpc_flow_log_cloudwatch",
            "module.vpc.aws_iam_role_policy_attachment.vpc_flow_log_cloudwatch",
            "module.vpc.aws_internet_gateway.this",
            "module.vpc.aws_nat_gateway.this",
            "module.vpc.aws_network_acl.database",
            "module.vpc.aws_network_acl.elasticache",
            "module.vpc.aws_network_acl.intra",
            "module.vpc.aws_network_acl.outpost",
            "module.vpc.aws_network_acl.private",
            "module.vpc.aws_network_acl.public",
            "module.vpc.aws_network_acl.redshift",
            "module.vpc.aws_network_acl_rule.database_inbound",
            "module.vpc.aws_network_acl_rule.database_outbound",
            "module.vpc.aws_network_acl_rule.elasticache_inbound",
            "module.vpc.aws_network_acl_rule.elasticache_outbound",
            "module.vpc.aws_network_acl_rule.intra_inbound",
            "module.vpc.aws_network_acl_rule.intra_outbound",
            "module.vpc.aws_network_acl_rule.outpost_inbound",
            "module.vpc.aws_network_acl_rule.outpost_outbound",
            "module.vpc.aws_network_acl_rule.private_inbound",
            "module.vpc.aws_network_acl_rule.private_outbound",
            "module.vpc.aws_network_acl_rule.public_inbound",
            "module.vpc.aws_network_acl_rule.public_outbound",
            "module.vpc.aws_network_acl_rule.redshift_inbound",
            "module.vpc.aws_network_acl_rule.redshift_outbound",
            "module.vpc.aws_redshift_subnet_group.redshift",
            "module.vpc.aws_route.database_internet_gateway",
            "module.vpc.aws_route.database_ipv6_egress",
            "module.vpc.aws_route.database_nat_gateway",
            "module.vpc.aws_route.private_ipv6_egress",
            "module.vpc.aws_route.private_nat_gateway",
            "module.vpc.aws_route.public_internet_gateway",
            "module.vpc.aws_route.public_internet_gateway_ipv6",
            "module.vpc.aws_route_table.database",
            "module.vpc.aws_route_table.elasticache",
            "module.vpc.aws_route_table.intra",
            "module.vpc.aws_route_table.private",
            "module.vpc.aws_route_table.public",
            "module.vpc.aws_route_table.redshift",
            "module.vpc.aws_route_table_association.database",
            "module.vpc.aws_route_table_association.elasticache",
            "module.vpc.aws_route_table_association.intra",
            "module.vpc.aws_route_table_association.outpost",
            "module.vpc.aws_route_table_association.private",
            "module.vpc.aws_route_table_association.public",
            "module.vpc.aws_route_table_association.redshift",
            "module.vpc.aws_route_table_association.redshift_public",
            "module.vpc.aws_subnet.database",
            "module.vpc.aws_subnet.elasticache",
            "module.vpc.aws_subnet.intra",
            "module.vpc.aws_subnet.outpost",
            "module.vpc.aws_subnet.private",
            "module.vpc.aws_subnet.public",
            "module.vpc.aws_subnet.redshift",
            "module.vpc.aws_vpc.this",
            "module.vpc.aws_vpc_dhcp_options.this",
            "module.vpc.aws_vpc_dhcp_options_association.this",
            "module.vpc.aws_vpc_ipv4_cidr_block_association.this",
            "module.vpc.aws_vpn_gateway.this",
            "module.vpc.aws_vpn_gateway_attachment.this",
            "module.vpc.aws_vpn_gateway_route_propagation.intra",
            "module.vpc.aws_vpn_gateway_route_propagation.private",
            "module.vpc.aws_vpn_gateway_route_propagation.public",
            "module.vpc.data.aws_iam_policy_document.flow_log_cloudwatch_assume_role",
            "module.vpc.data.aws_iam_policy_document.vpc_flow_log_cloudwatch"
          ]
        }
      ]
    },
    {
      "module": "module.vpc",
      "mode": "managed",
      "type": "aws_eip",
      "name": "nat",
      "provider": "provider[\"registry.terraform.io/hashicorp/aws\"]",
      "instances": [
        {
          "index_key": 0,
          "schema_version": 0,
          "attributes": {
            "address": null,
            "allocation_id": "eipalloc-0a66efc8fb0e63306",
            "associate_with_private_ip": null,
            "association_id": "",
            "carrier_ip": "",
            "customer_owned_ip": "",
            "customer_owned_ipv4_pool": "",
            "domain": "vpc",
            "id": "eipalloc-0a66efc8fb0e63306",
            "instance": "",
            "network_border_group": "us-east-1",
            "network_interface": "",
            "private_dns": null,
            "private_ip": "",
            "public_dns": "ec2-52-44-254-41.compute-1.amazonaws.com",
            "public_ip": "52.44.254.41",
            "public_ipv4_pool": "amazon",
            "tags": {
              "Name": "VPC-us-east-1a"
            },
            "tags_all": {
              "Name": "VPC-us-east-1a"
            },
            "timeouts": null,
            "vpc": true
          },
          "sensitive_attributes": [],
          "private": "eyJlMmJmYjczMC1lY2FhLTExZTYtOGY4OC0zNDM2M2JjN2M0YzAiOnsiZGVsZXRlIjoxODAwMDAwMDAwMDAsInJlYWQiOjkwMDAwMDAwMDAwMCwidXBkYXRlIjozMDAwMDAwMDAwMDB9fQ=="
        }
      ]
    },
    {
      "module": "module.vpc",
      "mode": "managed",
      "type": "aws_internet_gateway",
      "name": "this",
      "provider": "provider[\"registry.terraform.io/hashicorp/aws\"]",
      "instances": [
        {
          "index_key": 0,
          "schema_version": 0,
          "attributes": {
            "arn": "arn:aws:ec2:us-east-1:294140702112:internet-gateway/igw-0c553a95b99852053",
            "id": "igw-0c553a95b99852053",
            "owner_id": "294140702112",
            "tags": {
              "Name": "VPC"
            },
            "tags_all": {
              "Name": "VPC"
            },
            "vpc_id": "vpc-08184815c04c3a21e"
          },
          "sensitive_attributes": [],
          "private": "bnVsbA==",
          "dependencies": [
            "module.vpc.aws_vpc.this",
            "module.vpc.aws_vpc_ipv4_cidr_block_association.this"
          ]
        }
      ]
    },
    {
      "module": "module.vpc",
      "mode": "managed",
      "type": "aws_nat_gateway",
      "name": "this",
      "provider": "provider[\"registry.terraform.io/hashicorp/aws\"]",
      "instances": [
        {
          "index_key": 0,
          "schema_version": 0,
          "attributes": {
            "allocation_id": "eipalloc-0a66efc8fb0e63306",
            "connectivity_type": "public",
            "id": "nat-0dc9bcf5a40d1d2f4",
            "network_interface_id": "eni-07d798d0c108d4dfc",
            "private_ip": "172.23.5.133",
            "public_ip": "52.44.254.41",
            "subnet_id": "subnet-05d52610d3773053b",
            "tags": {
              "Name": "caldera-test_natgateway"
            },
            "tags_all": {
              "Name": "caldera-test_natgateway"
            }
          },
          "sensitive_attributes": [],
          "private": "bnVsbA==",
          "dependencies": [
            "module.vpc.aws_eip.nat",
            "module.vpc.aws_internet_gateway.this",
            "module.vpc.aws_subnet.public",
            "module.vpc.aws_vpc.this",
            "module.vpc.aws_vpc_ipv4_cidr_block_association.this"
          ]
        }
      ]
    },
    {
      "module": "module.vpc",
      "mode": "managed",
      "type": "aws_route",
      "name": "private_nat_gateway",
      "provider": "provider[\"registry.terraform.io/hashicorp/aws\"]",
      "instances": [
        {
          "index_key": 0,
          "schema_version": 0,
          "attributes": {
            "carrier_gateway_id": "",
            "core_network_arn": "",
            "destination_cidr_block": "0.0.0.0/0",
            "destination_ipv6_cidr_block": "",
            "destination_prefix_list_id": "",
            "egress_only_gateway_id": "",
            "gateway_id": "",
            "id": "r-rtb-08185c1db5cabbdef1080289494",
            "instance_id": "",
            "instance_owner_id": "",
            "local_gateway_id": "",
            "nat_gateway_id": "nat-0dc9bcf5a40d1d2f4",
            "network_interface_id": "",
            "origin": "CreateRoute",
            "route_table_id": "rtb-08185c1db5cabbdef",
            "state": "active",
            "timeouts": {
              "create": "5m",
              "delete": null,
              "update": null
            },
            "transit_gateway_id": "",
            "vpc_endpoint_id": "",
            "vpc_peering_connection_id": ""
          },
          "sensitive_attributes": [],
          "private": "eyJlMmJmYjczMC1lY2FhLTExZTYtOGY4OC0zNDM2M2JjN2M0YzAiOnsiY3JlYXRlIjozMDAwMDAwMDAwMDAsImRlbGV0ZSI6MzAwMDAwMDAwMDAwLCJ1cGRhdGUiOjEyMDAwMDAwMDAwMH19",
          "dependencies": [
            "module.vpc.aws_eip.nat",
            "module.vpc.aws_internet_gateway.this",
            "module.vpc.aws_nat_gateway.this",
            "module.vpc.aws_route_table.private",
            "module.vpc.aws_subnet.public",
            "module.vpc.aws_vpc.this",
            "module.vpc.aws_vpc_ipv4_cidr_block_association.this"
          ]
        }
      ]
    },
    {
      "module": "module.vpc",
      "mode": "managed",
      "type": "aws_route",
      "name": "public_internet_gateway",
      "provider": "provider[\"registry.terraform.io/hashicorp/aws\"]",
      "instances": [
        {
          "index_key": 0,
          "schema_version": 0,
          "attributes": {
            "carrier_gateway_id": "",
            "core_network_arn": "",
            "destination_cidr_block": "0.0.0.0/0",
            "destination_ipv6_cidr_block": "",
            "destination_prefix_list_id": "",
            "egress_only_gateway_id": "",
            "gateway_id": "igw-0c553a95b99852053",
            "id": "r-rtb-0afbf6c93d68f4f651080289494",
            "instance_id": "",
            "instance_owner_id": "",
            "local_gateway_id": "",
            "nat_gateway_id": "",
            "network_interface_id": "",
            "origin": "CreateRoute",
            "route_table_id": "rtb-0afbf6c93d68f4f65",
            "state": "active",
            "timeouts": {
              "create": "5m",
              "delete": null,
              "update": null
            },
            "transit_gateway_id": "",
            "vpc_endpoint_id": "",
            "vpc_peering_connection_id": ""
          },
          "sensitive_attributes": [],
          "private": "eyJlMmJmYjczMC1lY2FhLTExZTYtOGY4OC0zNDM2M2JjN2M0YzAiOnsiY3JlYXRlIjozMDAwMDAwMDAwMDAsImRlbGV0ZSI6MzAwMDAwMDAwMDAwLCJ1cGRhdGUiOjEyMDAwMDAwMDAwMH19",
          "dependencies": [
            "module.vpc.aws_internet_gateway.this",
            "module.vpc.aws_route_table.public",
            "module.vpc.aws_vpc.this",
            "module.vpc.aws_vpc_ipv4_cidr_block_association.this"
          ]
        }
      ]
    },
    {
      "module": "module.vpc",
      "mode": "managed",
      "type": "aws_route_table",
      "name": "private",
      "provider": "provider[\"registry.terraform.io/hashicorp/aws\"]",
      "instances": [
        {
          "index_key": 0,
          "schema_version": 0,
          "attributes": {
            "arn": "arn:aws:ec2:us-east-1:294140702112:route-table/rtb-08185c1db5cabbdef",
            "id": "rtb-08185c1db5cabbdef",
            "owner_id": "294140702112",
            "propagating_vgws": [],
            "route": [],
            "tags": {
              "Name": "VPC-private"
            },
            "tags_all": {
              "Name": "VPC-private"
            },
            "timeouts": null,
            "vpc_id": "vpc-08184815c04c3a21e"
          },
          "sensitive_attributes": [],
          "private": "eyJlMmJmYjczMC1lY2FhLTExZTYtOGY4OC0zNDM2M2JjN2M0YzAiOnsiY3JlYXRlIjozMDAwMDAwMDAwMDAsImRlbGV0ZSI6MzAwMDAwMDAwMDAwLCJ1cGRhdGUiOjEyMDAwMDAwMDAwMH19",
          "dependencies": [
            "module.vpc.aws_vpc.this",
            "module.vpc.aws_vpc_ipv4_cidr_block_association.this"
          ]
        }
      ]
    },
    {
      "module": "module.vpc",
      "mode": "managed",
      "type": "aws_route_table",
      "name": "public",
      "provider": "provider[\"registry.terraform.io/hashicorp/aws\"]",
      "instances": [
        {
          "index_key": 0,
          "schema_version": 0,
          "attributes": {
            "arn": "arn:aws:ec2:us-east-1:294140702112:route-table/rtb-0afbf6c93d68f4f65",
            "id": "rtb-0afbf6c93d68f4f65",
            "owner_id": "294140702112",
            "propagating_vgws": [],
            "route": [],
            "tags": {
              "Name": "VPC-public"
            },
            "tags_all": {
              "Name": "VPC-public"
            },
            "timeouts": null,
            "vpc_id": "vpc-08184815c04c3a21e"
          },
          "sensitive_attributes": [],
          "private": "eyJlMmJmYjczMC1lY2FhLTExZTYtOGY4OC0zNDM2M2JjN2M0YzAiOnsiY3JlYXRlIjozMDAwMDAwMDAwMDAsImRlbGV0ZSI6MzAwMDAwMDAwMDAwLCJ1cGRhdGUiOjEyMDAwMDAwMDAwMH19",
          "dependencies": [
            "module.vpc.aws_vpc.this",
            "module.vpc.aws_vpc_ipv4_cidr_block_association.this"
          ]
        }
      ]
    },
    {
      "module": "module.vpc",
      "mode": "managed",
      "type": "aws_route_table_association",
      "name": "private",
      "provider": "provider[\"registry.terraform.io/hashicorp/aws\"]",
      "instances": [
        {
          "index_key": 0,
          "schema_version": 0,
          "attributes": {
            "gateway_id": "",
            "id": "rtbassoc-0abb835871b0f4ba7",
            "route_table_id": "rtb-08185c1db5cabbdef",
            "subnet_id": "subnet-0ac93841641f3f6c6"
          },
          "sensitive_attributes": [],
          "private": "bnVsbA==",
          "dependencies": [
            "module.vpc.aws_route_table.private",
            "module.vpc.aws_subnet.private",
            "module.vpc.aws_vpc.this",
            "module.vpc.aws_vpc_ipv4_cidr_block_association.this"
          ]
        },
        {
          "index_key": 1,
          "schema_version": 0,
          "attributes": {
            "gateway_id": "",
            "id": "rtbassoc-0b68d2d09e8448e44",
            "route_table_id": "rtb-08185c1db5cabbdef",
            "subnet_id": "subnet-05510ad8470b37ad8"
          },
          "sensitive_attributes": [],
          "private": "bnVsbA==",
          "dependencies": [
            "module.vpc.aws_route_table.private",
            "module.vpc.aws_subnet.private",
            "module.vpc.aws_vpc.this",
            "module.vpc.aws_vpc_ipv4_cidr_block_association.this"
          ]
        },
        {
          "index_key": 2,
          "schema_version": 0,
          "attributes": {
            "gateway_id": "",
            "id": "rtbassoc-0fa928e49b6c68abb",
            "route_table_id": "rtb-08185c1db5cabbdef",
            "subnet_id": "subnet-00742ff48f4481c9f"
          },
          "sensitive_attributes": [],
          "private": "bnVsbA==",
          "dependencies": [
            "module.vpc.aws_route_table.private",
            "module.vpc.aws_subnet.private",
            "module.vpc.aws_vpc.this",
            "module.vpc.aws_vpc_ipv4_cidr_block_association.this"
          ]
        },
        {
          "index_key": 3,
          "schema_version": 0,
          "attributes": {
            "gateway_id": "",
            "id": "rtbassoc-0ec8c85e40b220dd1",
            "route_table_id": "rtb-08185c1db5cabbdef",
            "subnet_id": "subnet-0f7d2a90f24e4535e"
          },
          "sensitive_attributes": [],
          "private": "bnVsbA==",
          "dependencies": [
            "module.vpc.aws_route_table.private",
            "module.vpc.aws_subnet.private",
            "module.vpc.aws_vpc.this",
            "module.vpc.aws_vpc_ipv4_cidr_block_association.this"
          ]
        },
        {
          "index_key": 4,
          "schema_version": 0,
          "attributes": {
            "gateway_id": "",
            "id": "rtbassoc-0676baf412b2277f4",
            "route_table_id": "rtb-08185c1db5cabbdef",
            "subnet_id": "subnet-09c15b25477c177ca"
          },
          "sensitive_attributes": [],
          "private": "bnVsbA==",
          "dependencies": [
            "module.vpc.aws_route_table.private",
            "module.vpc.aws_subnet.private",
            "module.vpc.aws_vpc.this",
            "module.vpc.aws_vpc_ipv4_cidr_block_association.this"
          ]
        }
      ]
    },
    {
      "module": "module.vpc",
      "mode": "managed",
      "type": "aws_route_table_association",
      "name": "public",
      "provider": "provider[\"registry.terraform.io/hashicorp/aws\"]",
      "instances": [
        {
          "index_key": 0,
          "schema_version": 0,
          "attributes": {
            "gateway_id": "",
            "id": "rtbassoc-0f32ad28cd85bb3ed",
            "route_table_id": "rtb-0afbf6c93d68f4f65",
            "subnet_id": "subnet-05d52610d3773053b"
          },
          "sensitive_attributes": [],
          "private": "bnVsbA==",
          "dependencies": [
            "module.vpc.aws_route_table.public",
            "module.vpc.aws_subnet.public",
            "module.vpc.aws_vpc.this",
            "module.vpc.aws_vpc_ipv4_cidr_block_association.this"
          ]
        },
        {
          "index_key": 1,
          "schema_version": 0,
          "attributes": {
            "gateway_id": "",
            "id": "rtbassoc-0d65386a668f46799",
            "route_table_id": "rtb-0afbf6c93d68f4f65",
            "subnet_id": "subnet-003dffb29613e04b9"
          },
          "sensitive_attributes": [],
          "private": "bnVsbA==",
          "dependencies": [
            "module.vpc.aws_route_table.public",
            "module.vpc.aws_subnet.public",
            "module.vpc.aws_vpc.this",
            "module.vpc.aws_vpc_ipv4_cidr_block_association.this"
          ]
        },
        {
          "index_key": 2,
          "schema_version": 0,
          "attributes": {
            "gateway_id": "",
            "id": "rtbassoc-08487e80d8cf68d00",
            "route_table_id": "rtb-0afbf6c93d68f4f65",
            "subnet_id": "subnet-075e828911fde66cf"
          },
          "sensitive_attributes": [],
          "private": "bnVsbA==",
          "dependencies": [
            "module.vpc.aws_route_table.public",
            "module.vpc.aws_subnet.public",
            "module.vpc.aws_vpc.this",
            "module.vpc.aws_vpc_ipv4_cidr_block_association.this"
          ]
        },
        {
          "index_key": 3,
          "schema_version": 0,
          "attributes": {
            "gateway_id": "",
            "id": "rtbassoc-07d61dae0b49d6e38",
            "route_table_id": "rtb-0afbf6c93d68f4f65",
            "subnet_id": "subnet-0d2fe796410278e72"
          },
          "sensitive_attributes": [],
          "private": "bnVsbA==",
          "dependencies": [
            "module.vpc.aws_route_table.public",
            "module.vpc.aws_subnet.public",
            "module.vpc.aws_vpc.this",
            "module.vpc.aws_vpc_ipv4_cidr_block_association.this"
          ]
        },
        {
          "index_key": 4,
          "schema_version": 0,
          "attributes": {
            "gateway_id": "",
            "id": "rtbassoc-02a39ceeff06f3bb5",
            "route_table_id": "rtb-0afbf6c93d68f4f65",
            "subnet_id": "subnet-061687d902933b764"
          },
          "sensitive_attributes": [],
          "private": "bnVsbA==",
          "dependencies": [
            "module.vpc.aws_route_table.public",
            "module.vpc.aws_subnet.public",
            "module.vpc.aws_vpc.this",
            "module.vpc.aws_vpc_ipv4_cidr_block_association.this"
          ]
        }
      ]
    },
    {
      "module": "module.vpc",
      "mode": "managed",
      "type": "aws_subnet",
      "name": "private",
      "provider": "provider[\"registry.terraform.io/hashicorp/aws\"]",
      "instances": [
        {
          "index_key": 0,
          "schema_version": 1,
          "attributes": {
            "arn": "arn:aws:ec2:us-east-1:294140702112:subnet/subnet-0ac93841641f3f6c6",
            "assign_ipv6_address_on_creation": false,
            "availability_zone": "us-east-1a",
            "availability_zone_id": "use1-az6",
            "cidr_block": "172.23.0.0/22",
            "customer_owned_ipv4_pool": "",
            "enable_dns64": false,
            "enable_resource_name_dns_a_record_on_launch": false,
            "enable_resource_name_dns_aaaa_record_on_launch": false,
            "id": "subnet-0ac93841641f3f6c6",
            "ipv6_cidr_block": "",
            "ipv6_cidr_block_association_id": "",
            "ipv6_native": false,
            "map_customer_owned_ip_on_launch": false,
            "map_public_ip_on_launch": false,
            "outpost_arn": "",
            "owner_id": "294140702112",
            "private_dns_hostname_type_on_launch": "ip-name",
            "tags": {
              "Name": "caldera-test_private"
            },
            "tags_all": {
              "Name": "caldera-test_private"
            },
            "timeouts": null,
            "vpc_id": "vpc-08184815c04c3a21e"
          },
          "sensitive_attributes": [],
          "private": "eyJlMmJmYjczMC1lY2FhLTExZTYtOGY4OC0zNDM2M2JjN2M0YzAiOnsiY3JlYXRlIjo2MDAwMDAwMDAwMDAsImRlbGV0ZSI6MTIwMDAwMDAwMDAwMH0sInNjaGVtYV92ZXJzaW9uIjoiMSJ9",
          "dependencies": [
            "module.vpc.aws_vpc.this",
            "module.vpc.aws_vpc_ipv4_cidr_block_association.this"
          ]
        },
        {
          "index_key": 1,
          "schema_version": 1,
          "attributes": {
            "arn": "arn:aws:ec2:us-east-1:294140702112:subnet/subnet-05510ad8470b37ad8",
            "assign_ipv6_address_on_creation": false,
            "availability_zone": "us-east-1b",
            "availability_zone_id": "use1-az1",
            "cidr_block": "172.23.32.0/22",
            "customer_owned_ipv4_pool": "",
            "enable_dns64": false,
            "enable_resource_name_dns_a_record_on_launch": false,
            "enable_resource_name_dns_aaaa_record_on_launch": false,
            "id": "subnet-05510ad8470b37ad8",
            "ipv6_cidr_block": "",
            "ipv6_cidr_block_association_id": "",
            "ipv6_native": false,
            "map_customer_owned_ip_on_launch": false,
            "map_public_ip_on_launch": false,
            "outpost_arn": "",
            "owner_id": "294140702112",
            "private_dns_hostname_type_on_launch": "ip-name",
            "tags": {
              "Name": "caldera-test_private"
            },
            "tags_all": {
              "Name": "caldera-test_private"
            },
            "timeouts": null,
            "vpc_id": "vpc-08184815c04c3a21e"
          },
          "sensitive_attributes": [],
          "private": "eyJlMmJmYjczMC1lY2FhLTExZTYtOGY4OC0zNDM2M2JjN2M0YzAiOnsiY3JlYXRlIjo2MDAwMDAwMDAwMDAsImRlbGV0ZSI6MTIwMDAwMDAwMDAwMH0sInNjaGVtYV92ZXJzaW9uIjoiMSJ9",
          "dependencies": [
            "module.vpc.aws_vpc.this",
            "module.vpc.aws_vpc_ipv4_cidr_block_association.this"
          ]
        },
        {
          "index_key": 2,
          "schema_version": 1,
          "attributes": {
            "arn": "arn:aws:ec2:us-east-1:294140702112:subnet/subnet-00742ff48f4481c9f",
            "assign_ipv6_address_on_creation": false,
            "availability_zone": "us-east-1c",
            "availability_zone_id": "use1-az2",
            "cidr_block": "172.23.64.0/22",
            "customer_owned_ipv4_pool": "",
            "enable_dns64": false,
            "enable_resource_name_dns_a_record_on_launch": false,
            "enable_resource_name_dns_aaaa_record_on_launch": false,
            "id": "subnet-00742ff48f4481c9f",
            "ipv6_cidr_block": "",
            "ipv6_cidr_block_association_id": "",
            "ipv6_native": false,
            "map_customer_owned_ip_on_launch": false,
            "map_public_ip_on_launch": false,
            "outpost_arn": "",
            "owner_id": "294140702112",
            "private_dns_hostname_type_on_launch": "ip-name",
            "tags": {
              "Name": "caldera-test_private"
            },
            "tags_all": {
              "Name": "caldera-test_private"
            },
            "timeouts": null,
            "vpc_id": "vpc-08184815c04c3a21e"
          },
          "sensitive_attributes": [],
          "private": "eyJlMmJmYjczMC1lY2FhLTExZTYtOGY4OC0zNDM2M2JjN2M0YzAiOnsiY3JlYXRlIjo2MDAwMDAwMDAwMDAsImRlbGV0ZSI6MTIwMDAwMDAwMDAwMH0sInNjaGVtYV92ZXJzaW9uIjoiMSJ9",
          "dependencies": [
            "module.vpc.aws_vpc.this",
            "module.vpc.aws_vpc_ipv4_cidr_block_association.this"
          ]
        },
        {
          "index_key": 3,
          "schema_version": 1,
          "attributes": {
            "arn": "arn:aws:ec2:us-east-1:294140702112:subnet/subnet-0f7d2a90f24e4535e",
            "assign_ipv6_address_on_creation": false,
            "availability_zone": "us-east-1d",
            "availability_zone_id": "use1-az4",
            "cidr_block": "172.23.96.0/22",
            "customer_owned_ipv4_pool": "",
            "enable_dns64": false,
            "enable_resource_name_dns_a_record_on_launch": false,
            "enable_resource_name_dns_aaaa_record_on_launch": false,
            "id": "subnet-0f7d2a90f24e4535e",
            "ipv6_cidr_block": "",
            "ipv6_cidr_block_association_id": "",
            "ipv6_native": false,
            "map_customer_owned_ip_on_launch": false,
            "map_public_ip_on_launch": false,
            "outpost_arn": "",
            "owner_id": "294140702112",
            "private_dns_hostname_type_on_launch": "ip-name",
            "tags": {
              "Name": "caldera-test_private"
            },
            "tags_all": {
              "Name": "caldera-test_private"
            },
            "timeouts": null,
            "vpc_id": "vpc-08184815c04c3a21e"
          },
          "sensitive_attributes": [],
          "private": "eyJlMmJmYjczMC1lY2FhLTExZTYtOGY4OC0zNDM2M2JjN2M0YzAiOnsiY3JlYXRlIjo2MDAwMDAwMDAwMDAsImRlbGV0ZSI6MTIwMDAwMDAwMDAwMH0sInNjaGVtYV92ZXJzaW9uIjoiMSJ9",
          "dependencies": [
            "module.vpc.aws_vpc.this",
            "module.vpc.aws_vpc_ipv4_cidr_block_association.this"
          ]
        },
        {
          "index_key": 4,
          "schema_version": 1,
          "attributes": {
            "arn": "arn:aws:ec2:us-east-1:294140702112:subnet/subnet-09c15b25477c177ca",
            "assign_ipv6_address_on_creation": false,
            "availability_zone": "us-east-1f",
            "availability_zone_id": "use1-az5",
            "cidr_block": "172.23.160.0/22",
            "customer_owned_ipv4_pool": "",
            "enable_dns64": false,
            "enable_resource_name_dns_a_record_on_launch": false,
            "enable_resource_name_dns_aaaa_record_on_launch": false,
            "id": "subnet-09c15b25477c177ca",
            "ipv6_cidr_block": "",
            "ipv6_cidr_block_association_id": "",
            "ipv6_native": false,
            "map_customer_owned_ip_on_launch": false,
            "map_public_ip_on_launch": false,
            "outpost_arn": "",
            "owner_id": "294140702112",
            "private_dns_hostname_type_on_launch": "ip-name",
            "tags": {
              "Name": "caldera-test_private"
            },
            "tags_all": {
              "Name": "caldera-test_private"
            },
            "timeouts": null,
            "vpc_id": "vpc-08184815c04c3a21e"
          },
          "sensitive_attributes": [],
          "private": "eyJlMmJmYjczMC1lY2FhLTExZTYtOGY4OC0zNDM2M2JjN2M0YzAiOnsiY3JlYXRlIjo2MDAwMDAwMDAwMDAsImRlbGV0ZSI6MTIwMDAwMDAwMDAwMH0sInNjaGVtYV92ZXJzaW9uIjoiMSJ9",
          "dependencies": [
            "module.vpc.aws_vpc.this",
            "module.vpc.aws_vpc_ipv4_cidr_block_association.this"
          ]
        }
      ]
    },
    {
      "module": "module.vpc",
      "mode": "managed",
      "type": "aws_subnet",
      "name": "public",
      "provider": "provider[\"registry.terraform.io/hashicorp/aws\"]",
      "instances": [
        {
          "index_key": 0,
          "schema_version": 1,
          "attributes": {
            "arn": "arn:aws:ec2:us-east-1:294140702112:subnet/subnet-05d52610d3773053b",
            "assign_ipv6_address_on_creation": false,
            "availability_zone": "us-east-1a",
            "availability_zone_id": "use1-az6",
            "cidr_block": "172.23.4.0/22",
            "customer_owned_ipv4_pool": "",
            "enable_dns64": false,
            "enable_resource_name_dns_a_record_on_launch": false,
            "enable_resource_name_dns_aaaa_record_on_launch": false,
            "id": "subnet-05d52610d3773053b",
            "ipv6_cidr_block": "",
            "ipv6_cidr_block_association_id": "",
            "ipv6_native": false,
            "map_customer_owned_ip_on_launch": false,
            "map_public_ip_on_launch": true,
            "outpost_arn": "",
            "owner_id": "294140702112",
            "private_dns_hostname_type_on_launch": "ip-name",
            "tags": {
              "Name": "caldera-test_public"
            },
            "tags_all": {
              "Name": "caldera-test_public"
            },
            "timeouts": null,
            "vpc_id": "vpc-08184815c04c3a21e"
          },
          "sensitive_attributes": [],
          "private": "eyJlMmJmYjczMC1lY2FhLTExZTYtOGY4OC0zNDM2M2JjN2M0YzAiOnsiY3JlYXRlIjo2MDAwMDAwMDAwMDAsImRlbGV0ZSI6MTIwMDAwMDAwMDAwMH0sInNjaGVtYV92ZXJzaW9uIjoiMSJ9",
          "dependencies": [
            "module.vpc.aws_vpc.this",
            "module.vpc.aws_vpc_ipv4_cidr_block_association.this"
          ]
        },
        {
          "index_key": 1,
          "schema_version": 1,
          "attributes": {
            "arn": "arn:aws:ec2:us-east-1:294140702112:subnet/subnet-003dffb29613e04b9",
            "assign_ipv6_address_on_creation": false,
            "availability_zone": "us-east-1b",
            "availability_zone_id": "use1-az1",
            "cidr_block": "172.23.36.0/22",
            "customer_owned_ipv4_pool": "",
            "enable_dns64": false,
            "enable_resource_name_dns_a_record_on_launch": false,
            "enable_resource_name_dns_aaaa_record_on_launch": false,
            "id": "subnet-003dffb29613e04b9",
            "ipv6_cidr_block": "",
            "ipv6_cidr_block_association_id": "",
            "ipv6_native": false,
            "map_customer_owned_ip_on_launch": false,
            "map_public_ip_on_launch": true,
            "outpost_arn": "",
            "owner_id": "294140702112",
            "private_dns_hostname_type_on_launch": "ip-name",
            "tags": {
              "Name": "caldera-test_public"
            },
            "tags_all": {
              "Name": "caldera-test_public"
            },
            "timeouts": null,
            "vpc_id": "vpc-08184815c04c3a21e"
          },
          "sensitive_attributes": [],
          "private": "eyJlMmJmYjczMC1lY2FhLTExZTYtOGY4OC0zNDM2M2JjN2M0YzAiOnsiY3JlYXRlIjo2MDAwMDAwMDAwMDAsImRlbGV0ZSI6MTIwMDAwMDAwMDAwMH0sInNjaGVtYV92ZXJzaW9uIjoiMSJ9",
          "dependencies": [
            "module.vpc.aws_vpc.this",
            "module.vpc.aws_vpc_ipv4_cidr_block_association.this"
          ]
        },
        {
          "index_key": 2,
          "schema_version": 1,
          "attributes": {
            "arn": "arn:aws:ec2:us-east-1:294140702112:subnet/subnet-075e828911fde66cf",
            "assign_ipv6_address_on_creation": false,
            "availability_zone": "us-east-1c",
            "availability_zone_id": "use1-az2",
            "cidr_block": "172.23.68.0/22",
            "customer_owned_ipv4_pool": "",
            "enable_dns64": false,
            "enable_resource_name_dns_a_record_on_launch": false,
            "enable_resource_name_dns_aaaa_record_on_launch": false,
            "id": "subnet-075e828911fde66cf",
            "ipv6_cidr_block": "",
            "ipv6_cidr_block_association_id": "",
            "ipv6_native": false,
            "map_customer_owned_ip_on_launch": false,
            "map_public_ip_on_launch": true,
            "outpost_arn": "",
            "owner_id": "294140702112",
            "private_dns_hostname_type_on_launch": "ip-name",
            "tags": {
              "Name": "caldera-test_public"
            },
            "tags_all": {
              "Name": "caldera-test_public"
            },
            "timeouts": null,
            "vpc_id": "vpc-08184815c04c3a21e"
          },
          "sensitive_attributes": [],
          "private": "eyJlMmJmYjczMC1lY2FhLTExZTYtOGY4OC0zNDM2M2JjN2M0YzAiOnsiY3JlYXRlIjo2MDAwMDAwMDAwMDAsImRlbGV0ZSI6MTIwMDAwMDAwMDAwMH0sInNjaGVtYV92ZXJzaW9uIjoiMSJ9",
          "dependencies": [
            "module.vpc.aws_vpc.this",
            "module.vpc.aws_vpc_ipv4_cidr_block_association.this"
          ]
        },
        {
          "index_key": 3,
          "schema_version": 1,
          "attributes": {
            "arn": "arn:aws:ec2:us-east-1:294140702112:subnet/subnet-0d2fe796410278e72",
            "assign_ipv6_address_on_creation": false,
            "availability_zone": "us-east-1d",
            "availability_zone_id": "use1-az4",
            "cidr_block": "172.23.100.0/22",
            "customer_owned_ipv4_pool": "",
            "enable_dns64": false,
            "enable_resource_name_dns_a_record_on_launch": false,
            "enable_resource_name_dns_aaaa_record_on_launch": false,
            "id": "subnet-0d2fe796410278e72",
            "ipv6_cidr_block": "",
            "ipv6_cidr_block_association_id": "",
            "ipv6_native": false,
            "map_customer_owned_ip_on_launch": false,
            "map_public_ip_on_launch": true,
            "outpost_arn": "",
            "owner_id": "294140702112",
            "private_dns_hostname_type_on_launch": "ip-name",
            "tags": {
              "Name": "caldera-test_public"
            },
            "tags_all": {
              "Name": "caldera-test_public"
            },
            "timeouts": null,
            "vpc_id": "vpc-08184815c04c3a21e"
          },
          "sensitive_attributes": [],
          "private": "eyJlMmJmYjczMC1lY2FhLTExZTYtOGY4OC0zNDM2M2JjN2M0YzAiOnsiY3JlYXRlIjo2MDAwMDAwMDAwMDAsImRlbGV0ZSI6MTIwMDAwMDAwMDAwMH0sInNjaGVtYV92ZXJzaW9uIjoiMSJ9",
          "dependencies": [
            "module.vpc.aws_vpc.this",
            "module.vpc.aws_vpc_ipv4_cidr_block_association.this"
          ]
        },
        {
          "index_key": 4,
          "schema_version": 1,
          "attributes": {
            "arn": "arn:aws:ec2:us-east-1:294140702112:subnet/subnet-061687d902933b764",
            "assign_ipv6_address_on_creation": false,
            "availability_zone": "us-east-1f",
            "availability_zone_id": "use1-az5",
            "cidr_block": "172.23.164.0/22",
            "customer_owned_ipv4_pool": "",
            "enable_dns64": false,
            "enable_resource_name_dns_a_record_on_launch": false,
            "enable_resource_name_dns_aaaa_record_on_launch": false,
            "id": "subnet-061687d902933b764",
            "ipv6_cidr_block": "",
            "ipv6_cidr_block_association_id": "",
            "ipv6_native": false,
            "map_customer_owned_ip_on_launch": false,
            "map_public_ip_on_launch": true,
            "outpost_arn": "",
            "owner_id": "294140702112",
            "private_dns_hostname_type_on_launch": "ip-name",
            "tags": {
              "Name": "caldera-test_public"
            },
            "tags_all": {
              "Name": "caldera-test_public"
            },
            "timeouts": null,
            "vpc_id": "vpc-08184815c04c3a21e"
          },
          "sensitive_attributes": [],
          "private": "eyJlMmJmYjczMC1lY2FhLTExZTYtOGY4OC0zNDM2M2JjN2M0YzAiOnsiY3JlYXRlIjo2MDAwMDAwMDAwMDAsImRlbGV0ZSI6MTIwMDAwMDAwMDAwMH0sInNjaGVtYV92ZXJzaW9uIjoiMSJ9",
          "dependencies": [
            "module.vpc.aws_vpc.this",
            "module.vpc.aws_vpc_ipv4_cidr_block_association.this"
          ]
        }
      ]
    },
    {
      "module": "module.vpc",
      "mode": "managed",
      "type": "aws_vpc",
      "name": "this",
      "provider": "provider[\"registry.terraform.io/hashicorp/aws\"]",
      "instances": [
        {
          "index_key": 0,
          "schema_version": 1,
          "attributes": {
            "arn": "arn:aws:ec2:us-east-1:294140702112:vpc/vpc-08184815c04c3a21e",
            "assign_generated_ipv6_cidr_block": false,
            "cidr_block": "172.23.0.0/16",
            "default_network_acl_id": "acl-0314938cb9bdec66b",
            "default_route_table_id": "rtb-040289f3f39938c8f",
            "default_security_group_id": "sg-03e8dbbf8978a6fa7",
            "dhcp_options_id": "dopt-0745cb709d805b9e6",
            "enable_classiclink": false,
            "enable_classiclink_dns_support": false,
            "enable_dns_hostnames": true,
            "enable_dns_support": true,
            "id": "vpc-08184815c04c3a21e",
            "instance_tenancy": "default",
            "ipv4_ipam_pool_id": null,
            "ipv4_netmask_length": null,
            "ipv6_association_id": "",
            "ipv6_cidr_block": "",
            "ipv6_cidr_block_network_border_group": "",
            "ipv6_ipam_pool_id": "",
            "ipv6_netmask_length": 0,
            "main_route_table_id": "rtb-040289f3f39938c8f",
            "owner_id": "294140702112",
            "tags": {
              "Name": "VPC"
            },
            "tags_all": {
              "Name": "VPC"
            }
          },
          "sensitive_attributes": [],
          "private": "eyJzY2hlbWFfdmVyc2lvbiI6IjEifQ=="
        }
      ]
    }
  ]
}
