{
  "version": 4,
  "terraform_version": "1.2.4",
  "serial": 110,
  "lineage": "26fc2249-2c32-a966-09fb-0711621d7068",
  "outputs": {
    "caldera_server_ip": {
      "value": "44.204.177.59",
      "type": "string"
    },
    "linux_host_ip": {
      "value": "172.23.1.216",
      "type": "string"
    },
    "rsa_private_key": {
      "value": "-----BEGIN RSA PRIVATE KEY-----\nMIIJKQIBAAKCAgEAvU2X0F/mdCCAlM3o/LCZGhTGTjrkcI9BkkosL7g5mshyk1/i\n21GvGH1lixa/rNEYySrvJjjRJh+m/AXWMyWW4G9RNsfMKZTaGj2o1/vARZsN33FC\nucOwE3QKs32yqyGF3NkvhVyzstQveFXX9OjzbhXR4W3l6TOROtDZB7uUydqZcoLK\nbFznNEAXLZiMXz89v3ZeFScJbYPogUQhgPTlyY1X2CjRBJUfqHG2YLA1sTo/nEyQ\ndD5UkczN0TEy5Upo6HCwikwoYvYcDZzdk2d2YGqlEUK+hZ3EaizPBI4WiDf2ajIn\n+iLXcRhO+2P+VG/6JgnGTonPyiPpBIU2EaBHCAjKzrhShi8hF4pNQ+XTzvUInZMk\nK/7uqaWI0sH7BY54/vDwOkP7cMCsYUaTEA0/O4B+HKwyPDf8mO8n0cQ+WMxOT62g\n426edy9TR3GN/JeO2IteLYhzUAWzDeCIFhQw47OC5+XB0h5fBXcIOR1SjvJBPY1q\njmcI295v2QcuMdSjzR93DxJHUjW/SgGkkp+p+Ubm2aG9+AlHK310Yvv9i1mRrojS\nch6fg+s9exLxfP0nadyCGVII1TFtCgFTCMk8C4kTu1GiJ6ADCv3EGfedWwymYmEp\n/2p9OkTUT9hGPRZZ9e4OSIMpsjM8Z5WuxaaPohZUogYBth4qJhC3C+4dzLsCAwEA\nAQKCAgAzTLO3ZEWvcp9ls+dPkwvqZXbX/F2roybB3hfbVrFFoMxr47A2fwxUNqct\n6hxHWOK+oUPtt7f1/N3jrjE96xHYAFKh5cMOAaiZM9xtq2uPcVVxF+BdNwqgOvIr\ncgTZG1yLXM/j9Bs+ewHiOmErnXVaf89Ap+eGKtNQfQhTcCICEZtDzO3OL9736eZe\nFNj1ds3k9M7KLKoBY52+ahgqOjOLSyJjEayS8VaC703dJeNnA8H5OUZsOffxCu87\noXmJaYDEfMVatQi8yLURe1EQgRkzR7Mz2kKHMxnnK/1t3pN8lq3QWYc74fVAULYW\nqiJh/3ZqmHuFDROiU9jxwKfGXwjgTRS5cswCwUyDYyV0EE+Y1031DnnVDv8xX1t1\np4cdtIvCNgUPEFsJo6h9aGBEIMb+RtlxZqY/EWNt3ilYMLH2QZfwV3bLwICk1cS6\nic2BaPOqyW0vqDwq9bSKBkA9yIsr+aT0IUHIGmlHAbH2rv6rL7pqvHymLEEyPMEi\nJN39UiW4P05EwtrlzXRAq8d0bOgYlNYQotNamKFGCuk7RuwUWHqy5PkY5JRxfqdb\nWhKNJZClylyff2A8z3+gh5rLY132IpQdhpJh7ZghzS0eFjLIi9MFHaObE/IepZOB\nztKtLWq086CyO7f2zmqZ3nQZDfFRO4xngkgGZ3u7K4K8EwCPAQKCAQEA0tSa60o3\nJOp/SxGWf6PBPTLmkFR2n0624ouIPMZ8rBE93XP01TiA6YrIfnhRf8qwmh7W+Mpa\nqqwTZKWKEFbt3+wi2DIObg7MfjssEaVwJ2TTWMehmZMM1dasCYCdyzZAUpNpb65T\n9Zd6MPvChM043xVM9Ym2CMTCwKbPVZQgypRgzoU3aLkJu4B1TTAWJxmSt/js23dL\nvSjc+40oj00MM3alpRTh9Ga0NgiiQNmrPa/O4x1jdAoGCFC8lpJiAmpAnCAmh5NY\n+i4dBoeOGm2zm6v2fQdVnJYi3dmFintnY+s2dYhVGrCQtG1na8/qCGlwiCvxgn58\nD5VZnyqrYTSK3QKCAQEA5dxHEMJY/uxDnEfL/W27DYgLeSQRf58FO6enpuyApOvO\n42jTMUSjSi9rVb7F6u5URYLmrf21ZDnuOXQevIWHs3GZeCfAXvDqe+lI1H3V6o5K\nbb7GqnBcTHder6yLEfW61WP+mjMvVqeyUpqkPzCMS9N1Gzs2zGa25bGHiBYdQsBl\nyT1uP3h6onX6hyJg9ondJYz7LRRuxt+YIjO1WTXekHCqVfXeJs0E8FnVkj0T0mkk\ngIIWyio5BhsmGwWRH7VJw8BhNGFAHk57CQK58T0MekRwuZLa0d0jDbHN9dt/cJbX\n8Q/Ij/6hLDj4pyHc+N4/q0Chiqs7N5pLpbN5m0JAdwKCAQEAoCQFmHtC77N/BRJS\n8pj8CvRC1ZaSk+dCW0oJLcDGqhxelXuimOLWaI6WRBo4LY1UH30VZNyvibwy7twe\nxtKA1PmUbgt3knmDMs7XZn/3dLTNJD5erTxZH4R0ILOlJ9oJea+nAsGz3HQ2yEYz\nNpR7gle3oTn9HyP1mkgabLKbRcT202e08sK6dcXZU8wWx5RRMZTOtNUknoYPdLN/\n/3lSrzSMFZyLFQ1+DRz5wbCUtcJ4r2J/TIDgnChXVzfRYmw6r1xsZ8awazfjrDYC\n5mg1aSVxkP6lNM+FpGW5Xbrmiar8LsJjgmZjQ+lmCSpgZgtRAt3+EFTq/xs+e/v5\nOVijsQKCAQEAq5YFzrLlcFa6Gb1Wv3XcPjuiJOoRzezNIT0D342IcpQ8unGTxaFx\nK32+aCGi6L7EVadjv9o2P/0moejW0O/03rUcVR+HcNfyklEQtt7Agvl5Afd5od2C\naOpq2kS5A80ljQm6Ey3GVq+UZClgFnONJ0VQk+VeALNkMI6Xl7S6Xwv0b4bV97de\nBEyBmcLGEwPS+6cEESDBmN9sV4u2AkQ+QiB4ZvbEwL4mw6yryyCg3V7ziqKRlJR0\nQOSfS2iabssLp37CkTFPhdAb9Bv+5eAmolbYtw6zHhovgpeKIc+akFdqF18q3qK7\neaGFrG2Q4I43hQUYEcXEzLr3YVhanNWV/QKCAQAkCLRs1PPQqvmgIq3QbjJrnD1i\ngTue/dW+6SHB31BJvt+uDmEauqc7CTGfpL9nJBjP/NIiLC4XRG5b3L/dSyQvMAk4\nz5IwViuTGis15bo9aSYU/EY4wd02NGxvmH1OGMI5KSAaq0X6M95ZrsntT+9J2sIK\n2pOabv44A45Hcf0xBBtPpssw+DFCSb/pVMPRdKqUr2/Avp4z5iSPtnmmB8CSE6P8\niyaRXfaBDSGh1RZo0x5fAQ7ORkcHznEasaaWXAoa01/K9meAC0l+kpiN6xJnx907\nPHJ6WVxhEhPM8115FK8FgdEBcZ4U7k/48H2OG+lVBmN7guQfUivQz1IMH7MR\n-----END RSA PRIVATE KEY-----\n",
      "type": "string"
    },
    "windows_host_ip": {
      "value": "172.23.6.206",
      "type": "string"
    }
  },
  "resources": [
    {
      "mode": "managed",
      "type": "aws_instance",
      "name": "caldera_server",
      "provider": "provider[\"registry.terraform.io/hashicorp/aws\"]",
      "instances": [
        {
          "schema_version": 1,
          "attributes": {
            "ami": "ami-09d56f8956ab235b3",
            "arn": "arn:aws:ec2:us-east-1:201385125754:instance/i-0fe21c6f92e74636d",
            "associate_public_ip_address": true,
            "availability_zone": "us-east-1a",
            "capacity_reservation_specification": [
              {
                "capacity_reservation_preference": "open",
                "capacity_reservation_target": []
              }
            ],
            "cpu_core_count": 1,
            "cpu_threads_per_core": 2,
            "credit_specification": [
              {
                "cpu_credits": "unlimited"
              }
            ],
            "disable_api_stop": false,
            "disable_api_termination": false,
            "ebs_block_device": [],
            "ebs_optimized": false,
            "enclave_options": [
              {
                "enabled": false
              }
            ],
            "ephemeral_block_device": [],
            "get_password_data": false,
            "hibernation": false,
            "host_id": null,
            "iam_instance_profile": "",
            "id": "i-0fe21c6f92e74636d",
            "instance_initiated_shutdown_behavior": "stop",
            "instance_state": "running",
            "instance_type": "t3.medium",
            "ipv6_address_count": 0,
            "ipv6_addresses": [],
            "key_name": "caldera-nodes",
            "launch_template": [],
            "maintenance_options": [
              {
                "auto_recovery": "default"
              }
            ],
            "metadata_options": [
              {
                "http_endpoint": "enabled",
                "http_put_response_hop_limit": 1,
                "http_tokens": "optional",
                "instance_metadata_tags": "disabled"
              }
            ],
            "monitoring": false,
            "network_interface": [],
            "outpost_arn": "",
            "password_data": "",
            "placement_group": "",
            "placement_partition_number": null,
            "primary_network_interface_id": "eni-0c9ac0edfbdc8bb6c",
            "private_dns": "ip-172-23-6-95.ec2.internal",
            "private_dns_name_options": [
              {
                "enable_resource_name_dns_a_record": false,
                "enable_resource_name_dns_aaaa_record": false,
                "hostname_type": "ip-name"
              }
            ],
            "private_ip": "172.23.6.95",
            "public_dns": "ec2-44-204-177-59.compute-1.amazonaws.com",
            "public_ip": "44.204.177.59",
            "root_block_device": [
              {
                "delete_on_termination": true,
                "device_name": "/dev/sda1",
                "encrypted": false,
                "iops": 100,
                "kms_key_id": "",
                "tags": {},
                "throughput": 0,
                "volume_id": "vol-091e6cb117907a04c",
                "volume_size": 8,
                "volume_type": "gp2"
              }
            ],
            "secondary_private_ips": [],
            "security_groups": [],
            "source_dest_check": true,
            "subnet_id": "subnet-0f7e23df7ebf8a066",
            "tags": {
              "Name": "caldera_server",
              "environment": "caldera-test"
            },
            "tags_all": {
              "Name": "caldera_server",
              "environment": "caldera-test"
            },
            "tenancy": "default",
            "timeouts": null,
            "user_data": null,
            "user_data_base64": null,
            "user_data_replace_on_change": false,
            "volume_tags": null,
            "vpc_security_group_ids": [
              "sg-08818805d95f8887d"
            ]
          },
          "sensitive_attributes": [],
          "private": "eyJlMmJmYjczMC1lY2FhLTExZTYtOGY4OC0zNDM2M2JjN2M0YzAiOnsiY3JlYXRlIjo2MDAwMDAwMDAwMDAsImRlbGV0ZSI6MTIwMDAwMDAwMDAwMCwidXBkYXRlIjo2MDAwMDAwMDAwMDB9LCJzY2hlbWFfdmVyc2lvbiI6IjEifQ==",
          "dependencies": [
            "aws_security_group.sg_caldera_server",
            "module.aws_rsa_key.aws_key_pair.worker",
            "module.aws_rsa_key.local_file.ssh_local",
            "module.aws_rsa_key.tls_private_key.ssh_key",
            "module.vpc.aws_cloudwatch_log_group.flow_log",
            "module.vpc.aws_customer_gateway.this",
            "module.vpc.aws_db_subnet_group.database",
            "module.vpc.aws_default_network_acl.this",
            "module.vpc.aws_default_route_table.default",
            "module.vpc.aws_default_security_group.this",
            "module.vpc.aws_default_vpc.this",
            "module.vpc.aws_egress_only_internet_gateway.this",
            "module.vpc.aws_eip.nat",
            "module.vpc.aws_elasticache_subnet_group.elasticache",
            "module.vpc.aws_flow_log.this",
            "module.vpc.aws_iam_policy.vpc_flow_log_cloudwatch",
            "module.vpc.aws_iam_role.vpc_flow_log_cloudwatch",
            "module.vpc.aws_iam_role_policy_attachment.vpc_flow_log_cloudwatch",
            "module.vpc.aws_internet_gateway.this",
            "module.vpc.aws_nat_gateway.this",
            "module.vpc.aws_network_acl.database",
            "module.vpc.aws_network_acl.elasticache",
            "module.vpc.aws_network_acl.intra",
            "module.vpc.aws_network_acl.outpost",
            "module.vpc.aws_network_acl.private",
            "module.vpc.aws_network_acl.public",
            "module.vpc.aws_network_acl.redshift",
            "module.vpc.aws_network_acl_rule.database_inbound",
            "module.vpc.aws_network_acl_rule.database_outbound",
            "module.vpc.aws_network_acl_rule.elasticache_inbound",
            "module.vpc.aws_network_acl_rule.elasticache_outbound",
            "module.vpc.aws_network_acl_rule.intra_inbound",
            "module.vpc.aws_network_acl_rule.intra_outbound",
            "module.vpc.aws_network_acl_rule.outpost_inbound",
            "module.vpc.aws_network_acl_rule.outpost_outbound",
            "module.vpc.aws_network_acl_rule.private_inbound",
            "module.vpc.aws_network_acl_rule.private_outbound",
            "module.vpc.aws_network_acl_rule.public_inbound",
            "module.vpc.aws_network_acl_rule.public_outbound",
            "module.vpc.aws_network_acl_rule.redshift_inbound",
            "module.vpc.aws_network_acl_rule.redshift_outbound",
            "module.vpc.aws_redshift_subnet_group.redshift",
            "module.vpc.aws_route.database_internet_gateway",
            "module.vpc.aws_route.database_ipv6_egress",
            "module.vpc.aws_route.database_nat_gateway",
            "module.vpc.aws_route.private_ipv6_egress",
            "module.vpc.aws_route.private_nat_gateway",
            "module.vpc.aws_route.public_internet_gateway",
            "module.vpc.aws_route.public_internet_gateway_ipv6",
            "module.vpc.aws_route_table.database",
            "module.vpc.aws_route_table.elasticache",
            "module.vpc.aws_route_table.intra",
            "module.vpc.aws_route_table.private",
            "module.vpc.aws_route_table.public",
            "module.vpc.aws_route_table.redshift",
            "module.vpc.aws_route_table_association.database",
            "module.vpc.aws_route_table_association.elasticache",
            "module.vpc.aws_route_table_association.intra",
            "module.vpc.aws_route_table_association.outpost",
            "module.vpc.aws_route_table_association.private",
            "module.vpc.aws_route_table_association.public",
            "module.vpc.aws_route_table_association.redshift",
            "module.vpc.aws_route_table_association.redshift_public",
            "module.vpc.aws_subnet.database",
            "module.vpc.aws_subnet.elasticache",
            "module.vpc.aws_subnet.intra",
            "module.vpc.aws_subnet.outpost",
            "module.vpc.aws_subnet.private",
            "module.vpc.aws_subnet.public",
            "module.vpc.aws_subnet.redshift",
            "module.vpc.aws_vpc.this",
            "module.vpc.aws_vpc_dhcp_options.this",
            "module.vpc.aws_vpc_dhcp_options_association.this",
            "module.vpc.aws_vpc_ipv4_cidr_block_association.this",
            "module.vpc.aws_vpn_gateway.this",
            "module.vpc.aws_vpn_gateway_attachment.this",
            "module.vpc.aws_vpn_gateway_route_propagation.intra",
            "module.vpc.aws_vpn_gateway_route_propagation.private",
            "module.vpc.aws_vpn_gateway_route_propagation.public",
            "module.vpc.data.aws_iam_policy_document.flow_log_cloudwatch_assume_role",
            "module.vpc.data.aws_iam_policy_document.vpc_flow_log_cloudwatch"
          ]
        }
      ]
    },
    {
      "mode": "managed",
      "type": "aws_instance",
      "name": "linux_host",
      "provider": "provider[\"registry.terraform.io/hashicorp/aws\"]",
      "instances": [
        {
          "schema_version": 1,
          "attributes": {
            "ami": "ami-09d56f8956ab235b3",
            "arn": "arn:aws:ec2:us-east-1:136671672801:instance/i-068bfdfc5655948da",
            "associate_public_ip_address": false,
            "availability_zone": "us-east-1a",
            "capacity_reservation_specification": [
              {
                "capacity_reservation_preference": "open",
                "capacity_reservation_target": []
              }
            ],
            "cpu_core_count": 1,
            "cpu_threads_per_core": 1,
            "credit_specification": [
              {
                "cpu_credits": "standard"
              }
            ],
            "disable_api_stop": false,
            "disable_api_termination": false,
            "ebs_block_device": [],
            "ebs_optimized": false,
            "enclave_options": [
              {
                "enabled": false
              }
            ],
            "ephemeral_block_device": [],
            "get_password_data": false,
            "hibernation": false,
            "host_id": null,
            "iam_instance_profile": "",
            "id": "i-068bfdfc5655948da",
            "instance_initiated_shutdown_behavior": "stop",
            "instance_state": "running",
            "instance_type": "t2.small",
            "ipv6_address_count": 0,
            "ipv6_addresses": [],
            "key_name": "caldera-nodes",
            "launch_template": [],
            "maintenance_options": [
              {
                "auto_recovery": "default"
              }
            ],
            "metadata_options": [
              {
                "http_endpoint": "enabled",
                "http_put_response_hop_limit": 1,
                "http_tokens": "optional",
                "instance_metadata_tags": "disabled"
              }
            ],
            "monitoring": false,
            "network_interface": [],
            "outpost_arn": "",
            "password_data": "",
            "placement_group": "",
            "placement_partition_number": null,
            "primary_network_interface_id": "eni-0dd8141e5b1cdf4c8",
            "private_dns": "ip-172-23-1-216.ec2.internal",
            "private_dns_name_options": [
              {
                "enable_resource_name_dns_a_record": false,
                "enable_resource_name_dns_aaaa_record": false,
                "hostname_type": "ip-name"
              }
            ],
            "private_ip": "172.23.1.216",
            "public_dns": "",
            "public_ip": "",
            "root_block_device": [
              {
                "delete_on_termination": true,
                "device_name": "/dev/sda1",
                "encrypted": false,
                "iops": 100,
                "kms_key_id": "",
                "tags": {},
                "throughput": 0,
                "volume_id": "vol-0b94e387f60998657",
                "volume_size": 8,
                "volume_type": "gp2"
              }
            ],
            "secondary_private_ips": [],
            "security_groups": [],
            "source_dest_check": true,
            "subnet_id": "subnet-05dc43618ca34e998",
            "tags": {
              "Name": "linux_host",
              "environment": "caldera-test"
            },
            "tags_all": {
              "Name": "linux_host",
              "environment": "caldera-test"
            },
            "tenancy": "default",
            "timeouts": null,
            "user_data": "a5af940e486b9cde9ba71928e26266329119f38f",
            "user_data_base64": null,
            "user_data_replace_on_change": false,
            "volume_tags": null,
            "vpc_security_group_ids": [
              "sg-0fae2bd42f3c3735e"
            ]
          },
          "sensitive_attributes": [],
          "private": "eyJlMmJmYjczMC1lY2FhLTExZTYtOGY4OC0zNDM2M2JjN2M0YzAiOnsiY3JlYXRlIjo2MDAwMDAwMDAwMDAsImRlbGV0ZSI6MTIwMDAwMDAwMDAwMCwidXBkYXRlIjo2MDAwMDAwMDAwMDB9LCJzY2hlbWFfdmVyc2lvbiI6IjEifQ==",
          "dependencies": [
            "aws_instance.caldera_server",
            "aws_security_group.sg_caldera_linux",
            "aws_security_group.sg_caldera_server",
            "module.aws_rsa_key.aws_key_pair.worker",
            "module.aws_rsa_key.local_file.ssh_local",
            "module.aws_rsa_key.tls_private_key.ssh_key",
            "module.vpc.aws_cloudwatch_log_group.flow_log",
            "module.vpc.aws_customer_gateway.this",
            "module.vpc.aws_db_subnet_group.database",
            "module.vpc.aws_default_network_acl.this",
            "module.vpc.aws_default_route_table.default",
            "module.vpc.aws_default_security_group.this",
            "module.vpc.aws_default_vpc.this",
            "module.vpc.aws_egress_only_internet_gateway.this",
            "module.vpc.aws_eip.nat",
            "module.vpc.aws_elasticache_subnet_group.elasticache",
            "module.vpc.aws_flow_log.this",
            "module.vpc.aws_iam_policy.vpc_flow_log_cloudwatch",
            "module.vpc.aws_iam_role.vpc_flow_log_cloudwatch",
            "module.vpc.aws_iam_role_policy_attachment.vpc_flow_log_cloudwatch",
            "module.vpc.aws_internet_gateway.this",
            "module.vpc.aws_nat_gateway.this",
            "module.vpc.aws_network_acl.database",
            "module.vpc.aws_network_acl.elasticache",
            "module.vpc.aws_network_acl.intra",
            "module.vpc.aws_network_acl.outpost",
            "module.vpc.aws_network_acl.private",
            "module.vpc.aws_network_acl.public",
            "module.vpc.aws_network_acl.redshift",
            "module.vpc.aws_network_acl_rule.database_inbound",
            "module.vpc.aws_network_acl_rule.database_outbound",
            "module.vpc.aws_network_acl_rule.elasticache_inbound",
            "module.vpc.aws_network_acl_rule.elasticache_outbound",
            "module.vpc.aws_network_acl_rule.intra_inbound",
            "module.vpc.aws_network_acl_rule.intra_outbound",
            "module.vpc.aws_network_acl_rule.outpost_inbound",
            "module.vpc.aws_network_acl_rule.outpost_outbound",
            "module.vpc.aws_network_acl_rule.private_inbound",
            "module.vpc.aws_network_acl_rule.private_outbound",
            "module.vpc.aws_network_acl_rule.public_inbound",
            "module.vpc.aws_network_acl_rule.public_outbound",
            "module.vpc.aws_network_acl_rule.redshift_inbound",
            "module.vpc.aws_network_acl_rule.redshift_outbound",
            "module.vpc.aws_redshift_subnet_group.redshift",
            "module.vpc.aws_route.database_internet_gateway",
            "module.vpc.aws_route.database_ipv6_egress",
            "module.vpc.aws_route.database_nat_gateway",
            "module.vpc.aws_route.private_ipv6_egress",
            "module.vpc.aws_route.private_nat_gateway",
            "module.vpc.aws_route.public_internet_gateway",
            "module.vpc.aws_route.public_internet_gateway_ipv6",
            "module.vpc.aws_route_table.database",
            "module.vpc.aws_route_table.elasticache",
            "module.vpc.aws_route_table.intra",
            "module.vpc.aws_route_table.private",
            "module.vpc.aws_route_table.public",
            "module.vpc.aws_route_table.redshift",
            "module.vpc.aws_route_table_association.database",
            "module.vpc.aws_route_table_association.elasticache",
            "module.vpc.aws_route_table_association.intra",
            "module.vpc.aws_route_table_association.outpost",
            "module.vpc.aws_route_table_association.private",
            "module.vpc.aws_route_table_association.public",
            "module.vpc.aws_route_table_association.redshift",
            "module.vpc.aws_route_table_association.redshift_public",
            "module.vpc.aws_subnet.database",
            "module.vpc.aws_subnet.elasticache",
            "module.vpc.aws_subnet.intra",
            "module.vpc.aws_subnet.outpost",
            "module.vpc.aws_subnet.private",
            "module.vpc.aws_subnet.public",
            "module.vpc.aws_subnet.redshift",
            "module.vpc.aws_vpc.this",
            "module.vpc.aws_vpc_dhcp_options.this",
            "module.vpc.aws_vpc_dhcp_options_association.this",
            "module.vpc.aws_vpc_ipv4_cidr_block_association.this",
            "module.vpc.aws_vpn_gateway.this",
            "module.vpc.aws_vpn_gateway_attachment.this",
            "module.vpc.aws_vpn_gateway_route_propagation.intra",
            "module.vpc.aws_vpn_gateway_route_propagation.private",
            "module.vpc.aws_vpn_gateway_route_propagation.public",
            "module.vpc.data.aws_iam_policy_document.flow_log_cloudwatch_assume_role",
            "module.vpc.data.aws_iam_policy_document.vpc_flow_log_cloudwatch"
          ]
        }
      ]
    },
    {
      "mode": "managed",
      "type": "aws_instance",
      "name": "windows_host",
      "provider": "provider[\"registry.terraform.io/hashicorp/aws\"]",
      "instances": [
        {
          "schema_version": 1,
          "attributes": {
            "ami": "ami-0193dcf9aa4f5654e",
            "arn": "arn:aws:ec2:us-east-1:136671672801:instance/i-015317972931fc609",
            "associate_public_ip_address": true,
            "availability_zone": "us-east-1a",
            "capacity_reservation_specification": [
              {
                "capacity_reservation_preference": "open",
                "capacity_reservation_target": []
              }
            ],
            "cpu_core_count": 1,
            "cpu_threads_per_core": 2,
            "credit_specification": [
              {
                "cpu_credits": "unlimited"
              }
            ],
            "disable_api_stop": false,
            "disable_api_termination": false,
            "ebs_block_device": [],
            "ebs_optimized": false,
            "enclave_options": [
              {
                "enabled": false
              }
            ],
            "ephemeral_block_device": [],
            "get_password_data": false,
            "hibernation": false,
            "host_id": null,
            "iam_instance_profile": "",
            "id": "i-015317972931fc609",
            "instance_initiated_shutdown_behavior": "stop",
            "instance_state": "running",
            "instance_type": "t3.medium",
            "ipv6_address_count": 0,
            "ipv6_addresses": [],
            "key_name": "caldera-nodes",
            "launch_template": [],
            "maintenance_options": [
              {
                "auto_recovery": "default"
              }
            ],
            "metadata_options": [
              {
                "http_endpoint": "enabled",
                "http_put_response_hop_limit": 1,
                "http_tokens": "optional",
                "instance_metadata_tags": "disabled"
              }
            ],
            "monitoring": false,
            "network_interface": [],
            "outpost_arn": "",
            "password_data": "",
            "placement_group": "",
            "placement_partition_number": null,
            "primary_network_interface_id": "eni-059bc5ce59d4fcc88",
            "private_dns": "ip-172-23-6-206.ec2.internal",
            "private_dns_name_options": [
              {
                "enable_resource_name_dns_a_record": false,
                "enable_resource_name_dns_aaaa_record": false,
                "hostname_type": "ip-name"
              }
            ],
            "private_ip": "172.23.6.206",
            "public_dns": "ec2-35-172-114-214.compute-1.amazonaws.com",
            "public_ip": "35.172.114.214",
            "root_block_device": [
              {
                "delete_on_termination": true,
                "device_name": "/dev/sda1",
                "encrypted": false,
                "iops": 100,
                "kms_key_id": "",
                "tags": {},
                "throughput": 0,
                "volume_id": "vol-0e181d64f6422e252",
                "volume_size": 30,
                "volume_type": "gp2"
              }
            ],
            "secondary_private_ips": [],
            "security_groups": [],
            "source_dest_check": true,
            "subnet_id": "subnet-0e02c695602484514",
            "tags": {
              "Name": "windows_host",
              "environment": "caldera-test"
            },
            "tags_all": {
              "Name": "windows_host",
              "environment": "caldera-test"
            },
            "tenancy": "default",
            "timeouts": null,
            "user_data": "fdf71b3ecd056bac9fc1e159853d4219097c69cc",
            "user_data_base64": null,
            "user_data_replace_on_change": false,
            "volume_tags": null,
            "vpc_security_group_ids": [
              "sg-04cc0420daf7c61df"
            ]
          },
          "sensitive_attributes": [],
          "private": "eyJlMmJmYjczMC1lY2FhLTExZTYtOGY4OC0zNDM2M2JjN2M0YzAiOnsiY3JlYXRlIjo2MDAwMDAwMDAwMDAsImRlbGV0ZSI6MTIwMDAwMDAwMDAwMCwidXBkYXRlIjo2MDAwMDAwMDAwMDB9LCJzY2hlbWFfdmVyc2lvbiI6IjEifQ==",
          "dependencies": [
            "aws_instance.caldera_server",
            "aws_security_group.sg_caldera_server",
            "aws_security_group.sg_caldera_windows",
            "module.aws_rsa_key.aws_key_pair.worker",
            "module.aws_rsa_key.local_file.ssh_local",
            "module.aws_rsa_key.tls_private_key.ssh_key",
            "module.vpc.aws_cloudwatch_log_group.flow_log",
            "module.vpc.aws_customer_gateway.this",
            "module.vpc.aws_db_subnet_group.database",
            "module.vpc.aws_default_network_acl.this",
            "module.vpc.aws_default_route_table.default",
            "module.vpc.aws_default_security_group.this",
            "module.vpc.aws_default_vpc.this",
            "module.vpc.aws_egress_only_internet_gateway.this",
            "module.vpc.aws_eip.nat",
            "module.vpc.aws_elasticache_subnet_group.elasticache",
            "module.vpc.aws_flow_log.this",
            "module.vpc.aws_iam_policy.vpc_flow_log_cloudwatch",
            "module.vpc.aws_iam_role.vpc_flow_log_cloudwatch",
            "module.vpc.aws_iam_role_policy_attachment.vpc_flow_log_cloudwatch",
            "module.vpc.aws_internet_gateway.this",
            "module.vpc.aws_nat_gateway.this",
            "module.vpc.aws_network_acl.database",
            "module.vpc.aws_network_acl.elasticache",
            "module.vpc.aws_network_acl.intra",
            "module.vpc.aws_network_acl.outpost",
            "module.vpc.aws_network_acl.private",
            "module.vpc.aws_network_acl.public",
            "module.vpc.aws_network_acl.redshift",
            "module.vpc.aws_network_acl_rule.database_inbound",
            "module.vpc.aws_network_acl_rule.database_outbound",
            "module.vpc.aws_network_acl_rule.elasticache_inbound",
            "module.vpc.aws_network_acl_rule.elasticache_outbound",
            "module.vpc.aws_network_acl_rule.intra_inbound",
            "module.vpc.aws_network_acl_rule.intra_outbound",
            "module.vpc.aws_network_acl_rule.outpost_inbound",
            "module.vpc.aws_network_acl_rule.outpost_outbound",
            "module.vpc.aws_network_acl_rule.private_inbound",
            "module.vpc.aws_network_acl_rule.private_outbound",
            "module.vpc.aws_network_acl_rule.public_inbound",
            "module.vpc.aws_network_acl_rule.public_outbound",
            "module.vpc.aws_network_acl_rule.redshift_inbound",
            "module.vpc.aws_network_acl_rule.redshift_outbound",
            "module.vpc.aws_redshift_subnet_group.redshift",
            "module.vpc.aws_route.database_internet_gateway",
            "module.vpc.aws_route.database_ipv6_egress",
            "module.vpc.aws_route.database_nat_gateway",
            "module.vpc.aws_route.private_ipv6_egress",
            "module.vpc.aws_route.private_nat_gateway",
            "module.vpc.aws_route.public_internet_gateway",
            "module.vpc.aws_route.public_internet_gateway_ipv6",
            "module.vpc.aws_route_table.database",
            "module.vpc.aws_route_table.elasticache",
            "module.vpc.aws_route_table.intra",
            "module.vpc.aws_route_table.private",
            "module.vpc.aws_route_table.public",
            "module.vpc.aws_route_table.redshift",
            "module.vpc.aws_route_table_association.database",
            "module.vpc.aws_route_table_association.elasticache",
            "module.vpc.aws_route_table_association.intra",
            "module.vpc.aws_route_table_association.outpost",
            "module.vpc.aws_route_table_association.private",
            "module.vpc.aws_route_table_association.public",
            "module.vpc.aws_route_table_association.redshift",
            "module.vpc.aws_route_table_association.redshift_public",
            "module.vpc.aws_subnet.database",
            "module.vpc.aws_subnet.elasticache",
            "module.vpc.aws_subnet.intra",
            "module.vpc.aws_subnet.outpost",
            "module.vpc.aws_subnet.private",
            "module.vpc.aws_subnet.public",
            "module.vpc.aws_subnet.redshift",
            "module.vpc.aws_vpc.this",
            "module.vpc.aws_vpc_dhcp_options.this",
            "module.vpc.aws_vpc_dhcp_options_association.this",
            "module.vpc.aws_vpc_ipv4_cidr_block_association.this",
            "module.vpc.aws_vpn_gateway.this",
            "module.vpc.aws_vpn_gateway_attachment.this",
            "module.vpc.aws_vpn_gateway_route_propagation.intra",
            "module.vpc.aws_vpn_gateway_route_propagation.private",
            "module.vpc.aws_vpn_gateway_route_propagation.public",
            "module.vpc.data.aws_iam_policy_document.flow_log_cloudwatch_assume_role",
            "module.vpc.data.aws_iam_policy_document.vpc_flow_log_cloudwatch"
          ]
        }
      ]
    },
    {
      "mode": "managed",
      "type": "aws_security_group",
      "name": "sg_caldera_linux",
      "provider": "provider[\"registry.terraform.io/hashicorp/aws\"]",
      "instances": [
        {
          "schema_version": 1,
          "attributes": {
            "arn": "arn:aws:ec2:us-east-1:136671672801:security-group/sg-0fae2bd42f3c3735e",
            "description": "Allow ssh access for linux host",
            "egress": [
              {
                "cidr_blocks": [
                  "0.0.0.0/0"
                ],
                "description": "",
                "from_port": 0,
                "ipv6_cidr_blocks": [],
                "prefix_list_ids": [],
                "protocol": "-1",
                "security_groups": [],
                "self": false,
                "to_port": 0
              }
            ],
            "id": "sg-0fae2bd42f3c3735e",
            "ingress": [
              {
                "cidr_blocks": [
                  "172.23.0.0/16"
                ],
                "description": "SSH port",
                "from_port": 22,
                "ipv6_cidr_blocks": [],
                "prefix_list_ids": [],
                "protocol": "tcp",
                "security_groups": [],
                "self": false,
                "to_port": 22
              }
            ],
            "name": "sg_caldera_web",
            "name_prefix": "",
            "owner_id": "136671672801",
            "revoke_rules_on_delete": false,
            "tags": {
              "environment": "caldera-test"
            },
            "tags_all": {
              "environment": "caldera-test"
            },
            "timeouts": null,
            "vpc_id": "vpc-0a2a75c2d8901a1ff"
          },
          "sensitive_attributes": [],
          "private": "eyJlMmJmYjczMC1lY2FhLTExZTYtOGY4OC0zNDM2M2JjN2M0YzAiOnsiY3JlYXRlIjo2MDAwMDAwMDAwMDAsImRlbGV0ZSI6OTAwMDAwMDAwMDAwfSwic2NoZW1hX3ZlcnNpb24iOiIxIn0=",
          "dependencies": [
            "module.vpc.aws_vpc.this"
          ]
        }
      ]
    },
    {
      "mode": "managed",
      "type": "aws_security_group",
      "name": "sg_caldera_server",
      "provider": "provider[\"registry.terraform.io/hashicorp/aws\"]",
      "instances": [
        {
          "schema_version": 1,
          "attributes": {
            "arn": "arn:aws:ec2:us-east-1:201385125754:security-group/sg-08818805d95f8887d",
            "description": "Allow ports for caldera server",
            "egress": [
              {
                "cidr_blocks": [
                  "0.0.0.0/0"
                ],
                "description": "",
                "from_port": 0,
                "ipv6_cidr_blocks": [],
                "prefix_list_ids": [],
                "protocol": "-1",
                "security_groups": [],
                "self": false,
                "to_port": 0
              }
            ],
            "id": "sg-08818805d95f8887d",
            "ingress": [
              {
                "cidr_blocks": [
                  "0.0.0.0/0"
                ],
                "description": "Caldera server port",
                "from_port": 2288,
                "ipv6_cidr_blocks": [],
                "prefix_list_ids": [],
                "protocol": "tcp",
                "security_groups": [],
                "self": false,
                "to_port": 2288
              },
              {
                "cidr_blocks": [
                  "0.0.0.0/0"
                ],
                "description": "SSH from VPC",
                "from_port": 22,
                "ipv6_cidr_blocks": [],
                "prefix_list_ids": [],
                "protocol": "tcp",
                "security_groups": [],
                "self": false,
                "to_port": 22
              }
            ],
            "name": "sg_caldera_linux",
            "name_prefix": "",
            "owner_id": "201385125754",
            "revoke_rules_on_delete": false,
            "tags": {
              "environment": "caldera-test"
            },
            "tags_all": {
              "environment": "caldera-test"
            },
            "timeouts": null,
            "vpc_id": "vpc-0db3c5ce2299d2526"
          },
          "sensitive_attributes": [],
          "private": "eyJlMmJmYjczMC1lY2FhLTExZTYtOGY4OC0zNDM2M2JjN2M0YzAiOnsiY3JlYXRlIjo2MDAwMDAwMDAwMDAsImRlbGV0ZSI6OTAwMDAwMDAwMDAwfSwic2NoZW1hX3ZlcnNpb24iOiIxIn0=",
          "dependencies": [
            "module.vpc.aws_vpc.this"
          ]
        }
      ]
    },
    {
      "mode": "managed",
      "type": "aws_security_group",
      "name": "sg_caldera_windows",
      "provider": "provider[\"registry.terraform.io/hashicorp/aws\"]",
      "instances": [
        {
          "schema_version": 1,
          "attributes": {
            "arn": "arn:aws:ec2:us-east-1:136671672801:security-group/sg-04cc0420daf7c61df",
            "description": "Allow RDP for windows host",
            "egress": [
              {
                "cidr_blocks": [
                  "0.0.0.0/0"
                ],
                "description": "",
                "from_port": 0,
                "ipv6_cidr_blocks": [],
                "prefix_list_ids": [],
                "protocol": "-1",
                "security_groups": [],
                "self": false,
                "to_port": 0
              }
            ],
            "id": "sg-04cc0420daf7c61df",
            "ingress": [
              {
                "cidr_blocks": [
                  "0.0.0.0/0"
                ],
                "description": "RDP port",
                "from_port": 3389,
                "ipv6_cidr_blocks": [],
                "prefix_list_ids": [],
                "protocol": "tcp",
                "security_groups": [],
                "self": false,
                "to_port": 3389
              }
            ],
            "name": "sg_caldera_windows",
            "name_prefix": "",
            "owner_id": "136671672801",
            "revoke_rules_on_delete": false,
            "tags": {
              "environment": "caldera-test"
            },
            "tags_all": {
              "environment": "caldera-test"
            },
            "timeouts": null,
            "vpc_id": "vpc-0a2a75c2d8901a1ff"
          },
          "sensitive_attributes": [],
          "private": "eyJlMmJmYjczMC1lY2FhLTExZTYtOGY4OC0zNDM2M2JjN2M0YzAiOnsiY3JlYXRlIjo2MDAwMDAwMDAwMDAsImRlbGV0ZSI6OTAwMDAwMDAwMDAwfSwic2NoZW1hX3ZlcnNpb24iOiIxIn0=",
          "dependencies": [
            "module.vpc.aws_vpc.this"
          ]
        }
      ]
    },
    {
      "module": "module.aws_rsa_key",
      "mode": "managed",
      "type": "aws_key_pair",
      "name": "worker",
      "provider": "provider[\"registry.terraform.io/hashicorp/aws\"]",
      "instances": [
        {
          "schema_version": 1,
          "attributes": {
            "arn": "arn:aws:ec2:us-east-1:201385125754:key-pair/caldera-nodes",
            "fingerprint": "b1:1a:00:93:f9:9c:bf:25:dc:ea:06:4e:45:e6:1c:54",
            "id": "caldera-nodes",
            "key_name": "caldera-nodes",
            "key_name_prefix": "",
            "key_pair_id": "key-03df81d3ebb86c107",
            "key_type": "rsa",
            "public_key": "ssh-rsa AAAAB3NzaC1yc2EAAAADAQABAAACAQC9TZfQX+Z0IICUzej8sJkaFMZOOuRwj0GSSiwvuDmayHKTX+LbUa8YfWWLFr+s0RjJKu8mONEmH6b8BdYzJZbgb1E2x8wplNoaPajX+8BFmw3fcUK5w7ATdAqzfbKrIYXc2S+FXLOy1C94Vdf06PNuFdHhbeXpM5E60NkHu5TJ2plygspsXOc0QBctmIxfPz2/dl4VJwltg+iBRCGA9OXJjVfYKNEElR+ocbZgsDWxOj+cTJB0PlSRzM3RMTLlSmjocLCKTChi9hwNnN2TZ3ZgaqURQr6FncRqLM8EjhaIN/ZqMif6ItdxGE77Y/5Ub/omCcZOic/KI+kEhTYRoEcICMrOuFKGLyEXik1D5dPO9QidkyQr/u6ppYjSwfsFjnj+8PA6Q/twwKxhRpMQDT87gH4crDI8N/yY7yfRxD5YzE5PraDjbp53L1NHcY38l47Yi14tiHNQBbMN4IgWFDDjs4Ln5cHSHl8Fdwg5HVKO8kE9jWqOZwjb3m/ZBy4x1KPNH3cPEkdSNb9KAaSSn6n5RubZob34CUcrfXRi+/2LWZGuiNJyHp+D6z17EvF8/Sdp3IIZUgjVMW0KAVMIyTwLiRO7UaInoAMK/cQZ951bDKZiYSn/an06RNRP2EY9Fln17g5IgymyMzxnla7Fpo+iFlSiBgG2HiomELcL7h3Muw==",
            "tags": null,
            "tags_all": {}
          },
          "sensitive_attributes": [],
          "private": "eyJzY2hlbWFfdmVyc2lvbiI6IjEifQ==",
          "dependencies": [
            "module.aws_rsa_key.tls_private_key.ssh_key",
            "module.vpc.aws_cloudwatch_log_group.flow_log",
            "module.vpc.aws_customer_gateway.this",
            "module.vpc.aws_db_subnet_group.database",
            "module.vpc.aws_default_network_acl.this",
            "module.vpc.aws_default_route_table.default",
            "module.vpc.aws_default_security_group.this",
            "module.vpc.aws_default_vpc.this",
            "module.vpc.aws_egress_only_internet_gateway.this",
            "module.vpc.aws_eip.nat",
            "module.vpc.aws_elasticache_subnet_group.elasticache",
            "module.vpc.aws_flow_log.this",
            "module.vpc.aws_iam_policy.vpc_flow_log_cloudwatch",
            "module.vpc.aws_iam_role.vpc_flow_log_cloudwatch",
            "module.vpc.aws_iam_role_policy_attachment.vpc_flow_log_cloudwatch",
            "module.vpc.aws_internet_gateway.this",
            "module.vpc.aws_nat_gateway.this",
            "module.vpc.aws_network_acl.database",
            "module.vpc.aws_network_acl.elasticache",
            "module.vpc.aws_network_acl.intra",
            "module.vpc.aws_network_acl.outpost",
            "module.vpc.aws_network_acl.private",
            "module.vpc.aws_network_acl.public",
            "module.vpc.aws_network_acl.redshift",
            "module.vpc.aws_network_acl_rule.database_inbound",
            "module.vpc.aws_network_acl_rule.database_outbound",
            "module.vpc.aws_network_acl_rule.elasticache_inbound",
            "module.vpc.aws_network_acl_rule.elasticache_outbound",
            "module.vpc.aws_network_acl_rule.intra_inbound",
            "module.vpc.aws_network_acl_rule.intra_outbound",
            "module.vpc.aws_network_acl_rule.outpost_inbound",
            "module.vpc.aws_network_acl_rule.outpost_outbound",
            "module.vpc.aws_network_acl_rule.private_inbound",
            "module.vpc.aws_network_acl_rule.private_outbound",
            "module.vpc.aws_network_acl_rule.public_inbound",
            "module.vpc.aws_network_acl_rule.public_outbound",
            "module.vpc.aws_network_acl_rule.redshift_inbound",
            "module.vpc.aws_network_acl_rule.redshift_outbound",
            "module.vpc.aws_redshift_subnet_group.redshift",
            "module.vpc.aws_route.database_internet_gateway",
            "module.vpc.aws_route.database_ipv6_egress",
            "module.vpc.aws_route.database_nat_gateway",
            "module.vpc.aws_route.private_ipv6_egress",
            "module.vpc.aws_route.private_nat_gateway",
            "module.vpc.aws_route.public_internet_gateway",
            "module.vpc.aws_route.public_internet_gateway_ipv6",
            "module.vpc.aws_route_table.database",
            "module.vpc.aws_route_table.elasticache",
            "module.vpc.aws_route_table.intra",
            "module.vpc.aws_route_table.private",
            "module.vpc.aws_route_table.public",
            "module.vpc.aws_route_table.redshift",
            "module.vpc.aws_route_table_association.database",
            "module.vpc.aws_route_table_association.elasticache",
            "module.vpc.aws_route_table_association.intra",
            "module.vpc.aws_route_table_association.outpost",
            "module.vpc.aws_route_table_association.private",
            "module.vpc.aws_route_table_association.public",
            "module.vpc.aws_route_table_association.redshift",
            "module.vpc.aws_route_table_association.redshift_public",
            "module.vpc.aws_subnet.database",
            "module.vpc.aws_subnet.elasticache",
            "module.vpc.aws_subnet.intra",
            "module.vpc.aws_subnet.outpost",
            "module.vpc.aws_subnet.private",
            "module.vpc.aws_subnet.public",
            "module.vpc.aws_subnet.redshift",
            "module.vpc.aws_vpc.this",
            "module.vpc.aws_vpc_dhcp_options.this",
            "module.vpc.aws_vpc_dhcp_options_association.this",
            "module.vpc.aws_vpc_ipv4_cidr_block_association.this",
            "module.vpc.aws_vpn_gateway.this",
            "module.vpc.aws_vpn_gateway_attachment.this",
            "module.vpc.aws_vpn_gateway_route_propagation.intra",
            "module.vpc.aws_vpn_gateway_route_propagation.private",
            "module.vpc.aws_vpn_gateway_route_propagation.public",
            "module.vpc.data.aws_iam_policy_document.flow_log_cloudwatch_assume_role",
            "module.vpc.data.aws_iam_policy_document.vpc_flow_log_cloudwatch"
          ]
        }
      ]
    },
    {
      "module": "module.aws_rsa_key",
      "mode": "managed",
      "type": "tls_private_key",
      "name": "ssh_key",
      "provider": "provider[\"registry.terraform.io/hashicorp/tls\"]",
      "instances": [
        {
          "schema_version": 0,
          "attributes": {
            "algorithm": "RSA",
            "ecdsa_curve": "P224",
            "id": "b2017f1faed62f994335eb18c609ef9dd78fee2d",
            "private_key_openssh": "-----BEGIN OPENSSH PRIVATE KEY-----\nb3BlbnNzaC1rZXktdjEAAAAABG5vbmUAAAAEbm9uZQAAAAAAAAABAAACFwAAAAdz\nc2gtcnNhAAAAAwEAAQAAAgEAvU2X0F/mdCCAlM3o/LCZGhTGTjrkcI9BkkosL7g5\nmshyk1/i21GvGH1lixa/rNEYySrvJjjRJh+m/AXWMyWW4G9RNsfMKZTaGj2o1/vA\nRZsN33FCucOwE3QKs32yqyGF3NkvhVyzstQveFXX9OjzbhXR4W3l6TOROtDZB7uU\nydqZcoLKbFznNEAXLZiMXz89v3ZeFScJbYPogUQhgPTlyY1X2CjRBJUfqHG2YLA1\nsTo/nEyQdD5UkczN0TEy5Upo6HCwikwoYvYcDZzdk2d2YGqlEUK+hZ3EaizPBI4W\niDf2ajIn+iLXcRhO+2P+VG/6JgnGTonPyiPpBIU2EaBHCAjKzrhShi8hF4pNQ+XT\nzvUInZMkK/7uqaWI0sH7BY54/vDwOkP7cMCsYUaTEA0/O4B+HKwyPDf8mO8n0cQ+\nWMxOT62g426edy9TR3GN/JeO2IteLYhzUAWzDeCIFhQw47OC5+XB0h5fBXcIOR1S\njvJBPY1qjmcI295v2QcuMdSjzR93DxJHUjW/SgGkkp+p+Ubm2aG9+AlHK310Yvv9\ni1mRrojSch6fg+s9exLxfP0nadyCGVII1TFtCgFTCMk8C4kTu1GiJ6ADCv3EGfed\nWwymYmEp/2p9OkTUT9hGPRZZ9e4OSIMpsjM8Z5WuxaaPohZUogYBth4qJhC3C+4d\nzLsAAAc4gj1GJ4I9RicAAAAHc3NoLXJzYQAAAgEAvU2X0F/mdCCAlM3o/LCZGhTG\nTjrkcI9BkkosL7g5mshyk1/i21GvGH1lixa/rNEYySrvJjjRJh+m/AXWMyWW4G9R\nNsfMKZTaGj2o1/vARZsN33FCucOwE3QKs32yqyGF3NkvhVyzstQveFXX9OjzbhXR\n4W3l6TOROtDZB7uUydqZcoLKbFznNEAXLZiMXz89v3ZeFScJbYPogUQhgPTlyY1X\n2CjRBJUfqHG2YLA1sTo/nEyQdD5UkczN0TEy5Upo6HCwikwoYvYcDZzdk2d2YGql\nEUK+hZ3EaizPBI4WiDf2ajIn+iLXcRhO+2P+VG/6JgnGTonPyiPpBIU2EaBHCAjK\nzrhShi8hF4pNQ+XTzvUInZMkK/7uqaWI0sH7BY54/vDwOkP7cMCsYUaTEA0/O4B+\nHKwyPDf8mO8n0cQ+WMxOT62g426edy9TR3GN/JeO2IteLYhzUAWzDeCIFhQw47OC\n5+XB0h5fBXcIOR1SjvJBPY1qjmcI295v2QcuMdSjzR93DxJHUjW/SgGkkp+p+Ubm\n2aG9+AlHK310Yvv9i1mRrojSch6fg+s9exLxfP0nadyCGVII1TFtCgFTCMk8C4kT\nu1GiJ6ADCv3EGfedWwymYmEp/2p9OkTUT9hGPRZZ9e4OSIMpsjM8Z5WuxaaPohZU\nogYBth4qJhC3C+4dzLsAAAADAQABAAACADNMs7dkRa9yn2Wz50+TC+pldtf8Xauj\nJsHeF9tWsUWgzGvjsDZ/DFQ2py3qHEdY4r6hQ+23t/X83eOuMT3rEdgAUqHlww4B\nqJkz3G2ra49xVXEX4F03CqA68ityBNkbXItcz+P0Gz57AeI6YSuddVp/z0Cn54Yq\n01B9CFNwIgIRm0PM7c4v3vfp5l4U2PV2zeT0zsosqgFjnb5qGCo6M4tLImMRrJLx\nVoLvTd0l42cDwfk5Rmw59/EK7zuheYlpgMR8xVq1CLzItRF7URCBGTNHszPaQocz\nGecr/W3ek3yWrdBZhzvh9UBQthaqImH/dmqYe4UNE6JT2PHAp8ZfCOBNFLlyzALB\nTINjJXQQT5jXTfUOedUO/zFfW3Wnhx20i8I2BQ8QWwmjqH1oYEQgxv5G2XFmpj8R\nY23eKVgwsfZBl/BXdsvAgKTVxLqJzYFo86rJbS+oPCr1tIoGQD3Iiyv5pPQhQcga\naUcBsfau/qsvumq8fKYsQTI8wSIk3f1SJbg/TkTC2uXNdECrx3Rs6BiU1hCi01qY\noUYK6TtG7BRYerLk+RjklHF+p1taEo0lkKXKXJ9/YDzPf6CHmstjXfYilB2GkmHt\nmCHNLR4WMsiL0wUdo5sT8h6lk4HO0q0tarTzoLI7t/bOapnedBkN8VE7jGeCSAZn\ne7srgrwTAI8BAAABACQItGzU89Cq+aAirdBuMmucPWKBO5791b7pIcHfUEm+364O\nYRq6pzsJMZ+kv2ckGM/80iIsLhdEblvcv91LJC8wCTjPkjBWK5MaKzXluj1pJhT8\nRjjB3TY0bG+YfU4YwjkpIBqrRfoz3lmuye1P70nawgrak5pu/jgDjkdx/TEEG0+m\nyzD4MUJJv+lUw9F0qpSvb8C+njPmJI+2eaYHwJITo/yLJpFd9oENIaHVFmjTHl8B\nDs5GRwfOcRqxppZcChrTX8r2Z4ALSX6SmI3rEmfH3Ts8cnpZXGESE8zzXXkUrwWB\n0QFxnhTuT/jwfY4b6VUGY3uC5B9SK9DPUgwfsxEAAAEBANLUmutKNyTqf0sRln+j\nwT0y5pBUdp9OtuKLiDzGfKwRPd1z9NU4gOmKyH54UX/KsJoe1vjKWqqsE2SlihBW\n7d/sItgyDm4OzH47LBGlcCdk01jHoZmTDNXWrAmAncs2QFKTaW+uU/WXejD7woTN\nON8VTPWJtgjEwsCmz1WUIMqUYM6FN2i5CbuAdU0wFicZkrf47Nt3S70o3PuNKI9N\nDDN2paUU4fRmtDYIokDZqz2vzuMdY3QKBghQvJaSYgJqQJwgJoeTWPouHQaHjhpt\ns5ur9n0HVZyWIt3ZhYp7Z2PrNnWIVRqwkLRtZ2vP6ghpcIgr8YJ+fA+VWZ8qq2E0\nit0AAAEBAOXcRxDCWP7sQ5xHy/1tuw2IC3kkEX+fBTunp6bsgKTrzuNo0zFEo0ov\na1W+xeruVEWC5q39tWQ57jl0HryFh7NxmXgnwF7w6nvpSNR91eqOSm2+xqpwXEx3\nXq+sixH1utVj/pozL1anslKapD8wjEvTdRs7NsxmtuWxh4gWHULAZck9bj94eqJ1\n+ociYPaJ3SWM+y0UbsbfmCIztVk13pBwqlX13ibNBPBZ1ZI9E9JpJICCFsoqOQYb\nJhsFkR+1ScPAYTRhQB5OewkCufE9DHpEcLmS2tHdIw2xzfXbf3CW1/EPyI/+oSw4\n+Kch3PjeP6tAoYqrOzeaS6WzeZtCQHcAAAAAAQID\n-----END OPENSSH PRIVATE KEY-----\n",
            "private_key_pem": "-----BEGIN RSA PRIVATE KEY-----\nMIIJKQIBAAKCAgEAvU2X0F/mdCCAlM3o/LCZGhTGTjrkcI9BkkosL7g5mshyk1/i\n21GvGH1lixa/rNEYySrvJjjRJh+m/AXWMyWW4G9RNsfMKZTaGj2o1/vARZsN33FC\nucOwE3QKs32yqyGF3NkvhVyzstQveFXX9OjzbhXR4W3l6TOROtDZB7uUydqZcoLK\nbFznNEAXLZiMXz89v3ZeFScJbYPogUQhgPTlyY1X2CjRBJUfqHG2YLA1sTo/nEyQ\ndD5UkczN0TEy5Upo6HCwikwoYvYcDZzdk2d2YGqlEUK+hZ3EaizPBI4WiDf2ajIn\n+iLXcRhO+2P+VG/6JgnGTonPyiPpBIU2EaBHCAjKzrhShi8hF4pNQ+XTzvUInZMk\nK/7uqaWI0sH7BY54/vDwOkP7cMCsYUaTEA0/O4B+HKwyPDf8mO8n0cQ+WMxOT62g\n426edy9TR3GN/JeO2IteLYhzUAWzDeCIFhQw47OC5+XB0h5fBXcIOR1SjvJBPY1q\njmcI295v2QcuMdSjzR93DxJHUjW/SgGkkp+p+Ubm2aG9+AlHK310Yvv9i1mRrojS\nch6fg+s9exLxfP0nadyCGVII1TFtCgFTCMk8C4kTu1GiJ6ADCv3EGfedWwymYmEp\n/2p9OkTUT9hGPRZZ9e4OSIMpsjM8Z5WuxaaPohZUogYBth4qJhC3C+4dzLsCAwEA\nAQKCAgAzTLO3ZEWvcp9ls+dPkwvqZXbX/F2roybB3hfbVrFFoMxr47A2fwxUNqct\n6hxHWOK+oUPtt7f1/N3jrjE96xHYAFKh5cMOAaiZM9xtq2uPcVVxF+BdNwqgOvIr\ncgTZG1yLXM/j9Bs+ewHiOmErnXVaf89Ap+eGKtNQfQhTcCICEZtDzO3OL9736eZe\nFNj1ds3k9M7KLKoBY52+ahgqOjOLSyJjEayS8VaC703dJeNnA8H5OUZsOffxCu87\noXmJaYDEfMVatQi8yLURe1EQgRkzR7Mz2kKHMxnnK/1t3pN8lq3QWYc74fVAULYW\nqiJh/3ZqmHuFDROiU9jxwKfGXwjgTRS5cswCwUyDYyV0EE+Y1031DnnVDv8xX1t1\np4cdtIvCNgUPEFsJo6h9aGBEIMb+RtlxZqY/EWNt3ilYMLH2QZfwV3bLwICk1cS6\nic2BaPOqyW0vqDwq9bSKBkA9yIsr+aT0IUHIGmlHAbH2rv6rL7pqvHymLEEyPMEi\nJN39UiW4P05EwtrlzXRAq8d0bOgYlNYQotNamKFGCuk7RuwUWHqy5PkY5JRxfqdb\nWhKNJZClylyff2A8z3+gh5rLY132IpQdhpJh7ZghzS0eFjLIi9MFHaObE/IepZOB\nztKtLWq086CyO7f2zmqZ3nQZDfFRO4xngkgGZ3u7K4K8EwCPAQKCAQEA0tSa60o3\nJOp/SxGWf6PBPTLmkFR2n0624ouIPMZ8rBE93XP01TiA6YrIfnhRf8qwmh7W+Mpa\nqqwTZKWKEFbt3+wi2DIObg7MfjssEaVwJ2TTWMehmZMM1dasCYCdyzZAUpNpb65T\n9Zd6MPvChM043xVM9Ym2CMTCwKbPVZQgypRgzoU3aLkJu4B1TTAWJxmSt/js23dL\nvSjc+40oj00MM3alpRTh9Ga0NgiiQNmrPa/O4x1jdAoGCFC8lpJiAmpAnCAmh5NY\n+i4dBoeOGm2zm6v2fQdVnJYi3dmFintnY+s2dYhVGrCQtG1na8/qCGlwiCvxgn58\nD5VZnyqrYTSK3QKCAQEA5dxHEMJY/uxDnEfL/W27DYgLeSQRf58FO6enpuyApOvO\n42jTMUSjSi9rVb7F6u5URYLmrf21ZDnuOXQevIWHs3GZeCfAXvDqe+lI1H3V6o5K\nbb7GqnBcTHder6yLEfW61WP+mjMvVqeyUpqkPzCMS9N1Gzs2zGa25bGHiBYdQsBl\nyT1uP3h6onX6hyJg9ondJYz7LRRuxt+YIjO1WTXekHCqVfXeJs0E8FnVkj0T0mkk\ngIIWyio5BhsmGwWRH7VJw8BhNGFAHk57CQK58T0MekRwuZLa0d0jDbHN9dt/cJbX\n8Q/Ij/6hLDj4pyHc+N4/q0Chiqs7N5pLpbN5m0JAdwKCAQEAoCQFmHtC77N/BRJS\n8pj8CvRC1ZaSk+dCW0oJLcDGqhxelXuimOLWaI6WRBo4LY1UH30VZNyvibwy7twe\nxtKA1PmUbgt3knmDMs7XZn/3dLTNJD5erTxZH4R0ILOlJ9oJea+nAsGz3HQ2yEYz\nNpR7gle3oTn9HyP1mkgabLKbRcT202e08sK6dcXZU8wWx5RRMZTOtNUknoYPdLN/\n/3lSrzSMFZyLFQ1+DRz5wbCUtcJ4r2J/TIDgnChXVzfRYmw6r1xsZ8awazfjrDYC\n5mg1aSVxkP6lNM+FpGW5Xbrmiar8LsJjgmZjQ+lmCSpgZgtRAt3+EFTq/xs+e/v5\nOVijsQKCAQEAq5YFzrLlcFa6Gb1Wv3XcPjuiJOoRzezNIT0D342IcpQ8unGTxaFx\nK32+aCGi6L7EVadjv9o2P/0moejW0O/03rUcVR+HcNfyklEQtt7Agvl5Afd5od2C\naOpq2kS5A80ljQm6Ey3GVq+UZClgFnONJ0VQk+VeALNkMI6Xl7S6Xwv0b4bV97de\nBEyBmcLGEwPS+6cEESDBmN9sV4u2AkQ+QiB4ZvbEwL4mw6yryyCg3V7ziqKRlJR0\nQOSfS2iabssLp37CkTFPhdAb9Bv+5eAmolbYtw6zHhovgpeKIc+akFdqF18q3qK7\neaGFrG2Q4I43hQUYEcXEzLr3YVhanNWV/QKCAQAkCLRs1PPQqvmgIq3QbjJrnD1i\ngTue/dW+6SHB31BJvt+uDmEauqc7CTGfpL9nJBjP/NIiLC4XRG5b3L/dSyQvMAk4\nz5IwViuTGis15bo9aSYU/EY4wd02NGxvmH1OGMI5KSAaq0X6M95ZrsntT+9J2sIK\n2pOabv44A45Hcf0xBBtPpssw+DFCSb/pVMPRdKqUr2/Avp4z5iSPtnmmB8CSE6P8\niyaRXfaBDSGh1RZo0x5fAQ7ORkcHznEasaaWXAoa01/K9meAC0l+kpiN6xJnx907\nPHJ6WVxhEhPM8115FK8FgdEBcZ4U7k/48H2OG+lVBmN7guQfUivQz1IMH7MR\n-----END RSA PRIVATE KEY-----\n",
            "public_key_fingerprint_md5": "f1:7d:bd:71:98:e2:54:b2:d5:8d:a4:c3:7b:f9:1c:b3",
            "public_key_fingerprint_sha256": "SHA256:rGDRSFSJzvI5EQzIgiwU6WAO/3K67Cpx2TQgtHjjJNE",
            "public_key_openssh": "ssh-rsa AAAAB3NzaC1yc2EAAAADAQABAAACAQC9TZfQX+Z0IICUzej8sJkaFMZOOuRwj0GSSiwvuDmayHKTX+LbUa8YfWWLFr+s0RjJKu8mONEmH6b8BdYzJZbgb1E2x8wplNoaPajX+8BFmw3fcUK5w7ATdAqzfbKrIYXc2S+FXLOy1C94Vdf06PNuFdHhbeXpM5E60NkHu5TJ2plygspsXOc0QBctmIxfPz2/dl4VJwltg+iBRCGA9OXJjVfYKNEElR+ocbZgsDWxOj+cTJB0PlSRzM3RMTLlSmjocLCKTChi9hwNnN2TZ3ZgaqURQr6FncRqLM8EjhaIN/ZqMif6ItdxGE77Y/5Ub/omCcZOic/KI+kEhTYRoEcICMrOuFKGLyEXik1D5dPO9QidkyQr/u6ppYjSwfsFjnj+8PA6Q/twwKxhRpMQDT87gH4crDI8N/yY7yfRxD5YzE5PraDjbp53L1NHcY38l47Yi14tiHNQBbMN4IgWFDDjs4Ln5cHSHl8Fdwg5HVKO8kE9jWqOZwjb3m/ZBy4x1KPNH3cPEkdSNb9KAaSSn6n5RubZob34CUcrfXRi+/2LWZGuiNJyHp+D6z17EvF8/Sdp3IIZUgjVMW0KAVMIyTwLiRO7UaInoAMK/cQZ951bDKZiYSn/an06RNRP2EY9Fln17g5IgymyMzxnla7Fpo+iFlSiBgG2HiomELcL7h3Muw==\n",
            "public_key_pem": "-----BEGIN PUBLIC KEY-----\nMIICIjANBgkqhkiG9w0BAQEFAAOCAg8AMIICCgKCAgEAvU2X0F/mdCCAlM3o/LCZ\nGhTGTjrkcI9BkkosL7g5mshyk1/i21GvGH1lixa/rNEYySrvJjjRJh+m/AXWMyWW\n4G9RNsfMKZTaGj2o1/vARZsN33FCucOwE3QKs32yqyGF3NkvhVyzstQveFXX9Ojz\nbhXR4W3l6TOROtDZB7uUydqZcoLKbFznNEAXLZiMXz89v3ZeFScJbYPogUQhgPTl\nyY1X2CjRBJUfqHG2YLA1sTo/nEyQdD5UkczN0TEy5Upo6HCwikwoYvYcDZzdk2d2\nYGqlEUK+hZ3EaizPBI4WiDf2ajIn+iLXcRhO+2P+VG/6JgnGTonPyiPpBIU2EaBH\nCAjKzrhShi8hF4pNQ+XTzvUInZMkK/7uqaWI0sH7BY54/vDwOkP7cMCsYUaTEA0/\nO4B+HKwyPDf8mO8n0cQ+WMxOT62g426edy9TR3GN/JeO2IteLYhzUAWzDeCIFhQw\n47OC5+XB0h5fBXcIOR1SjvJBPY1qjmcI295v2QcuMdSjzR93DxJHUjW/SgGkkp+p\n+Ubm2aG9+AlHK310Yvv9i1mRrojSch6fg+s9exLxfP0nadyCGVII1TFtCgFTCMk8\nC4kTu1GiJ6ADCv3EGfedWwymYmEp/2p9OkTUT9hGPRZZ9e4OSIMpsjM8Z5WuxaaP\nohZUogYBth4qJhC3C+4dzLsCAwEAAQ==\n-----END PUBLIC KEY-----\n",
            "rsa_bits": 4096
          },
          "sensitive_attributes": [],
          "private": "bnVsbA==",
          "dependencies": [
            "module.vpc.aws_cloudwatch_log_group.flow_log",
            "module.vpc.aws_customer_gateway.this",
            "module.vpc.aws_db_subnet_group.database",
            "module.vpc.aws_default_network_acl.this",
            "module.vpc.aws_default_route_table.default",
            "module.vpc.aws_default_security_group.this",
            "module.vpc.aws_default_vpc.this",
            "module.vpc.aws_egress_only_internet_gateway.this",
            "module.vpc.aws_eip.nat",
            "module.vpc.aws_elasticache_subnet_group.elasticache",
            "module.vpc.aws_flow_log.this",
            "module.vpc.aws_iam_policy.vpc_flow_log_cloudwatch",
            "module.vpc.aws_iam_role.vpc_flow_log_cloudwatch",
            "module.vpc.aws_iam_role_policy_attachment.vpc_flow_log_cloudwatch",
            "module.vpc.aws_internet_gateway.this",
            "module.vpc.aws_nat_gateway.this",
            "module.vpc.aws_network_acl.database",
            "module.vpc.aws_network_acl.elasticache",
            "module.vpc.aws_network_acl.intra",
            "module.vpc.aws_network_acl.outpost",
            "module.vpc.aws_network_acl.private",
            "module.vpc.aws_network_acl.public",
            "module.vpc.aws_network_acl.redshift",
            "module.vpc.aws_network_acl_rule.database_inbound",
            "module.vpc.aws_network_acl_rule.database_outbound",
            "module.vpc.aws_network_acl_rule.elasticache_inbound",
            "module.vpc.aws_network_acl_rule.elasticache_outbound",
            "module.vpc.aws_network_acl_rule.intra_inbound",
            "module.vpc.aws_network_acl_rule.intra_outbound",
            "module.vpc.aws_network_acl_rule.outpost_inbound",
            "module.vpc.aws_network_acl_rule.outpost_outbound",
            "module.vpc.aws_network_acl_rule.private_inbound",
            "module.vpc.aws_network_acl_rule.private_outbound",
            "module.vpc.aws_network_acl_rule.public_inbound",
            "module.vpc.aws_network_acl_rule.public_outbound",
            "module.vpc.aws_network_acl_rule.redshift_inbound",
            "module.vpc.aws_network_acl_rule.redshift_outbound",
            "module.vpc.aws_redshift_subnet_group.redshift",
            "module.vpc.aws_route.database_internet_gateway",
            "module.vpc.aws_route.database_ipv6_egress",
            "module.vpc.aws_route.database_nat_gateway",
            "module.vpc.aws_route.private_ipv6_egress",
            "module.vpc.aws_route.private_nat_gateway",
            "module.vpc.aws_route.public_internet_gateway",
            "module.vpc.aws_route.public_internet_gateway_ipv6",
            "module.vpc.aws_route_table.database",
            "module.vpc.aws_route_table.elasticache",
            "module.vpc.aws_route_table.intra",
            "module.vpc.aws_route_table.private",
            "module.vpc.aws_route_table.public",
            "module.vpc.aws_route_table.redshift",
            "module.vpc.aws_route_table_association.database",
            "module.vpc.aws_route_table_association.elasticache",
            "module.vpc.aws_route_table_association.intra",
            "module.vpc.aws_route_table_association.outpost",
            "module.vpc.aws_route_table_association.private",
            "module.vpc.aws_route_table_association.public",
            "module.vpc.aws_route_table_association.redshift",
            "module.vpc.aws_route_table_association.redshift_public",
            "module.vpc.aws_subnet.database",
            "module.vpc.aws_subnet.elasticache",
            "module.vpc.aws_subnet.intra",
            "module.vpc.aws_subnet.outpost",
            "module.vpc.aws_subnet.private",
            "module.vpc.aws_subnet.public",
            "module.vpc.aws_subnet.redshift",
            "module.vpc.aws_vpc.this",
            "module.vpc.aws_vpc_dhcp_options.this",
            "module.vpc.aws_vpc_dhcp_options_association.this",
            "module.vpc.aws_vpc_ipv4_cidr_block_association.this",
            "module.vpc.aws_vpn_gateway.this",
            "module.vpc.aws_vpn_gateway_attachment.this",
            "module.vpc.aws_vpn_gateway_route_propagation.intra",
            "module.vpc.aws_vpn_gateway_route_propagation.private",
            "module.vpc.aws_vpn_gateway_route_propagation.public",
            "module.vpc.data.aws_iam_policy_document.flow_log_cloudwatch_assume_role",
            "module.vpc.data.aws_iam_policy_document.vpc_flow_log_cloudwatch"
          ]
        }
      ]
    },
    {
      "module": "module.vpc",
      "mode": "managed",
      "type": "aws_eip",
      "name": "nat",
      "provider": "provider[\"registry.terraform.io/hashicorp/aws\"]",
      "instances": [
        {
          "index_key": 0,
          "schema_version": 0,
          "attributes": {
            "address": null,
            "allocation_id": "eipalloc-0cb40e1b4b2378b57",
            "associate_with_private_ip": null,
            "association_id": "",
            "carrier_ip": "",
            "customer_owned_ip": "",
            "customer_owned_ipv4_pool": "",
            "domain": "vpc",
            "id": "eipalloc-0cb40e1b4b2378b57",
            "instance": "",
            "network_border_group": "us-east-1",
            "network_interface": "",
            "private_dns": null,
            "private_ip": "",
            "public_dns": "ec2-44-208-135-237.compute-1.amazonaws.com",
            "public_ip": "44.208.135.237",
            "public_ipv4_pool": "amazon",
            "tags": {
              "Name": "VPC-us-east-1a"
            },
            "tags_all": {
              "Name": "VPC-us-east-1a"
            },
            "timeouts": null,
            "vpc": true
          },
          "sensitive_attributes": [],
          "private": "eyJlMmJmYjczMC1lY2FhLTExZTYtOGY4OC0zNDM2M2JjN2M0YzAiOnsiZGVsZXRlIjoxODAwMDAwMDAwMDAsInJlYWQiOjkwMDAwMDAwMDAwMCwidXBkYXRlIjozMDAwMDAwMDAwMDB9fQ=="
        }
      ]
    },
    {
      "module": "module.vpc",
      "mode": "managed",
      "type": "aws_internet_gateway",
      "name": "this",
      "provider": "provider[\"registry.terraform.io/hashicorp/aws\"]",
      "instances": [
        {
          "index_key": 0,
          "schema_version": 0,
          "attributes": {
            "arn": "arn:aws:ec2:us-east-1:201385125754:internet-gateway/igw-0a3db90e364de5fbe",
            "id": "igw-0a3db90e364de5fbe",
            "owner_id": "201385125754",
            "tags": {
              "Name": "VPC"
            },
            "tags_all": {
              "Name": "VPC"
            },
            "vpc_id": "vpc-0db3c5ce2299d2526"
          },
          "sensitive_attributes": [],
          "private": "bnVsbA==",
          "dependencies": [
            "module.vpc.aws_vpc.this",
            "module.vpc.aws_vpc_ipv4_cidr_block_association.this"
          ]
        }
      ]
    },
    {
      "module": "module.vpc",
      "mode": "managed",
      "type": "aws_nat_gateway",
      "name": "this",
      "provider": "provider[\"registry.terraform.io/hashicorp/aws\"]",
      "instances": [
        {
          "index_key": 0,
          "schema_version": 0,
          "attributes": {
            "allocation_id": "eipalloc-0cb40e1b4b2378b57",
            "connectivity_type": "public",
            "id": "nat-0d2d3169733f5af3c",
            "network_interface_id": "eni-0f3e734b9333e19fc",
            "private_ip": "172.23.4.118",
            "public_ip": "44.208.135.237",
            "subnet_id": "subnet-0f7e23df7ebf8a066",
            "tags": {
              "Name": "caldera-test_natgateway"
            },
            "tags_all": {
              "Name": "caldera-test_natgateway"
            }
          },
          "sensitive_attributes": [],
          "private": "bnVsbA==",
          "dependencies": [
            "module.vpc.aws_eip.nat",
            "module.vpc.aws_internet_gateway.this",
            "module.vpc.aws_subnet.public",
            "module.vpc.aws_vpc.this",
            "module.vpc.aws_vpc_ipv4_cidr_block_association.this"
          ]
        }
      ]
    },
    {
      "module": "module.vpc",
      "mode": "managed",
      "type": "aws_route",
      "name": "private_nat_gateway",
      "provider": "provider[\"registry.terraform.io/hashicorp/aws\"]",
      "instances": [
        {
          "index_key": 0,
          "schema_version": 0,
          "attributes": {
            "carrier_gateway_id": "",
            "core_network_arn": "",
            "destination_cidr_block": "0.0.0.0/0",
            "destination_ipv6_cidr_block": "",
            "destination_prefix_list_id": "",
            "egress_only_gateway_id": "",
            "gateway_id": "",
            "id": "r-rtb-0547a31a31b886f1b1080289494",
            "instance_id": "",
            "instance_owner_id": "",
            "local_gateway_id": "",
            "nat_gateway_id": "nat-0d2d3169733f5af3c",
            "network_interface_id": "",
            "origin": "CreateRoute",
            "route_table_id": "rtb-0547a31a31b886f1b",
            "state": "active",
            "timeouts": {
              "create": "5m",
              "delete": null,
              "update": null
            },
            "transit_gateway_id": "",
            "vpc_endpoint_id": "",
            "vpc_peering_connection_id": ""
          },
          "sensitive_attributes": [],
          "private": "eyJlMmJmYjczMC1lY2FhLTExZTYtOGY4OC0zNDM2M2JjN2M0YzAiOnsiY3JlYXRlIjozMDAwMDAwMDAwMDAsImRlbGV0ZSI6MzAwMDAwMDAwMDAwLCJ1cGRhdGUiOjEyMDAwMDAwMDAwMH19",
          "dependencies": [
            "module.vpc.aws_eip.nat",
            "module.vpc.aws_internet_gateway.this",
            "module.vpc.aws_nat_gateway.this",
            "module.vpc.aws_route_table.private",
            "module.vpc.aws_subnet.public",
            "module.vpc.aws_vpc.this",
            "module.vpc.aws_vpc_ipv4_cidr_block_association.this"
          ]
        }
      ]
    },
    {
      "module": "module.vpc",
      "mode": "managed",
      "type": "aws_route",
      "name": "public_internet_gateway",
      "provider": "provider[\"registry.terraform.io/hashicorp/aws\"]",
      "instances": [
        {
          "index_key": 0,
          "schema_version": 0,
          "attributes": {
            "carrier_gateway_id": "",
            "core_network_arn": "",
            "destination_cidr_block": "0.0.0.0/0",
            "destination_ipv6_cidr_block": "",
            "destination_prefix_list_id": "",
            "egress_only_gateway_id": "",
            "gateway_id": "igw-0a3db90e364de5fbe",
            "id": "r-rtb-01f2fd06be446f9b21080289494",
            "instance_id": "",
            "instance_owner_id": "",
            "local_gateway_id": "",
            "nat_gateway_id": "",
            "network_interface_id": "",
            "origin": "CreateRoute",
            "route_table_id": "rtb-01f2fd06be446f9b2",
            "state": "active",
            "timeouts": {
              "create": "5m",
              "delete": null,
              "update": null
            },
            "transit_gateway_id": "",
            "vpc_endpoint_id": "",
            "vpc_peering_connection_id": ""
          },
          "sensitive_attributes": [],
          "private": "eyJlMmJmYjczMC1lY2FhLTExZTYtOGY4OC0zNDM2M2JjN2M0YzAiOnsiY3JlYXRlIjozMDAwMDAwMDAwMDAsImRlbGV0ZSI6MzAwMDAwMDAwMDAwLCJ1cGRhdGUiOjEyMDAwMDAwMDAwMH19",
          "dependencies": [
            "module.vpc.aws_internet_gateway.this",
            "module.vpc.aws_route_table.public",
            "module.vpc.aws_vpc.this",
            "module.vpc.aws_vpc_ipv4_cidr_block_association.this"
          ]
        }
      ]
    },
    {
      "module": "module.vpc",
      "mode": "managed",
      "type": "aws_route_table",
      "name": "private",
      "provider": "provider[\"registry.terraform.io/hashicorp/aws\"]",
      "instances": [
        {
          "index_key": 0,
          "schema_version": 0,
          "attributes": {
            "arn": "arn:aws:ec2:us-east-1:201385125754:route-table/rtb-0547a31a31b886f1b",
            "id": "rtb-0547a31a31b886f1b",
            "owner_id": "201385125754",
            "propagating_vgws": [],
            "route": [],
            "tags": {
              "Name": "VPC-private"
            },
            "tags_all": {
              "Name": "VPC-private"
            },
            "timeouts": null,
            "vpc_id": "vpc-0db3c5ce2299d2526"
          },
          "sensitive_attributes": [],
          "private": "eyJlMmJmYjczMC1lY2FhLTExZTYtOGY4OC0zNDM2M2JjN2M0YzAiOnsiY3JlYXRlIjozMDAwMDAwMDAwMDAsImRlbGV0ZSI6MzAwMDAwMDAwMDAwLCJ1cGRhdGUiOjEyMDAwMDAwMDAwMH19",
          "dependencies": [
            "module.vpc.aws_vpc.this",
            "module.vpc.aws_vpc_ipv4_cidr_block_association.this"
          ]
        }
      ]
    },
    {
      "module": "module.vpc",
      "mode": "managed",
      "type": "aws_route_table",
      "name": "public",
      "provider": "provider[\"registry.terraform.io/hashicorp/aws\"]",
      "instances": [
        {
          "index_key": 0,
          "schema_version": 0,
          "attributes": {
            "arn": "arn:aws:ec2:us-east-1:201385125754:route-table/rtb-01f2fd06be446f9b2",
            "id": "rtb-01f2fd06be446f9b2",
            "owner_id": "201385125754",
            "propagating_vgws": [],
            "route": [],
            "tags": {
              "Name": "VPC-public"
            },
            "tags_all": {
              "Name": "VPC-public"
            },
            "timeouts": null,
            "vpc_id": "vpc-0db3c5ce2299d2526"
          },
          "sensitive_attributes": [],
          "private": "eyJlMmJmYjczMC1lY2FhLTExZTYtOGY4OC0zNDM2M2JjN2M0YzAiOnsiY3JlYXRlIjozMDAwMDAwMDAwMDAsImRlbGV0ZSI6MzAwMDAwMDAwMDAwLCJ1cGRhdGUiOjEyMDAwMDAwMDAwMH19",
          "dependencies": [
            "module.vpc.aws_vpc.this",
            "module.vpc.aws_vpc_ipv4_cidr_block_association.this"
          ]
        }
      ]
    },
    {
      "module": "module.vpc",
      "mode": "managed",
      "type": "aws_route_table_association",
      "name": "private",
      "provider": "provider[\"registry.terraform.io/hashicorp/aws\"]",
      "instances": [
        {
          "index_key": 0,
          "schema_version": 0,
          "attributes": {
            "gateway_id": "",
            "id": "rtbassoc-02362205b1e17a382",
            "route_table_id": "rtb-0547a31a31b886f1b",
            "subnet_id": "subnet-04bf8fdf0b2963b58"
          },
          "sensitive_attributes": [],
          "private": "bnVsbA==",
          "dependencies": [
            "module.vpc.aws_route_table.private",
            "module.vpc.aws_subnet.private",
            "module.vpc.aws_vpc.this",
            "module.vpc.aws_vpc_ipv4_cidr_block_association.this"
          ]
        },
        {
          "index_key": 1,
          "schema_version": 0,
          "attributes": {
            "gateway_id": "",
            "id": "rtbassoc-0aa348056c5ab9097",
            "route_table_id": "rtb-0547a31a31b886f1b",
            "subnet_id": "subnet-0ab66a735955873ea"
          },
          "sensitive_attributes": [],
          "private": "bnVsbA==",
          "dependencies": [
            "module.vpc.aws_route_table.private",
            "module.vpc.aws_subnet.private",
            "module.vpc.aws_vpc.this",
            "module.vpc.aws_vpc_ipv4_cidr_block_association.this"
          ]
        },
        {
          "index_key": 2,
          "schema_version": 0,
          "attributes": {
            "gateway_id": "",
            "id": "rtbassoc-0862b249c6c0db6cc",
            "route_table_id": "rtb-0547a31a31b886f1b",
            "subnet_id": "subnet-08f330990ac6c863a"
          },
          "sensitive_attributes": [],
          "private": "bnVsbA==",
          "dependencies": [
            "module.vpc.aws_route_table.private",
            "module.vpc.aws_subnet.private",
            "module.vpc.aws_vpc.this",
            "module.vpc.aws_vpc_ipv4_cidr_block_association.this"
          ]
        },
        {
          "index_key": 3,
          "schema_version": 0,
          "attributes": {
            "gateway_id": "",
            "id": "rtbassoc-0baafc8356534b4c3",
            "route_table_id": "rtb-0547a31a31b886f1b",
            "subnet_id": "subnet-02c4959173fb195a5"
          },
          "sensitive_attributes": [],
          "private": "bnVsbA==",
          "dependencies": [
            "module.vpc.aws_route_table.private",
            "module.vpc.aws_subnet.private",
            "module.vpc.aws_vpc.this",
            "module.vpc.aws_vpc_ipv4_cidr_block_association.this"
          ]
        },
        {
          "index_key": 4,
          "schema_version": 0,
          "attributes": {
            "gateway_id": "",
            "id": "rtbassoc-0212f6f4172f7a6b1",
            "route_table_id": "rtb-0547a31a31b886f1b",
            "subnet_id": "subnet-00f3727a4e9c4c741"
          },
          "sensitive_attributes": [],
          "private": "bnVsbA==",
          "dependencies": [
            "module.vpc.aws_route_table.private",
            "module.vpc.aws_subnet.private",
            "module.vpc.aws_vpc.this",
            "module.vpc.aws_vpc_ipv4_cidr_block_association.this"
          ]
        }
      ]
    },
    {
      "module": "module.vpc",
      "mode": "managed",
      "type": "aws_route_table_association",
      "name": "public",
      "provider": "provider[\"registry.terraform.io/hashicorp/aws\"]",
      "instances": [
        {
          "index_key": 0,
          "schema_version": 0,
          "attributes": {
            "gateway_id": "",
            "id": "rtbassoc-0067731551f4fa0a2",
            "route_table_id": "rtb-01f2fd06be446f9b2",
            "subnet_id": "subnet-0f7e23df7ebf8a066"
          },
          "sensitive_attributes": [],
          "private": "bnVsbA==",
          "dependencies": [
            "module.vpc.aws_route_table.public",
            "module.vpc.aws_subnet.public",
            "module.vpc.aws_vpc.this",
            "module.vpc.aws_vpc_ipv4_cidr_block_association.this"
          ]
        },
        {
          "index_key": 1,
          "schema_version": 0,
          "attributes": {
            "gateway_id": "",
            "id": "rtbassoc-0af729a8beb9d8b0d",
            "route_table_id": "rtb-01f2fd06be446f9b2",
            "subnet_id": "subnet-0e198892266161bca"
          },
          "sensitive_attributes": [],
          "private": "bnVsbA==",
          "dependencies": [
            "module.vpc.aws_route_table.public",
            "module.vpc.aws_subnet.public",
            "module.vpc.aws_vpc.this",
            "module.vpc.aws_vpc_ipv4_cidr_block_association.this"
          ]
        },
        {
          "index_key": 2,
          "schema_version": 0,
          "attributes": {
            "gateway_id": "",
            "id": "rtbassoc-0788dda3b9fc3d99f",
            "route_table_id": "rtb-01f2fd06be446f9b2",
            "subnet_id": "subnet-04b20b20ea9168035"
          },
          "sensitive_attributes": [],
          "private": "bnVsbA==",
          "dependencies": [
            "module.vpc.aws_route_table.public",
            "module.vpc.aws_subnet.public",
            "module.vpc.aws_vpc.this",
            "module.vpc.aws_vpc_ipv4_cidr_block_association.this"
          ]
        },
        {
          "index_key": 3,
          "schema_version": 0,
          "attributes": {
            "gateway_id": "",
            "id": "rtbassoc-0e2cb4cc83cd783c6",
            "route_table_id": "rtb-01f2fd06be446f9b2",
            "subnet_id": "subnet-005389b579de49e88"
          },
          "sensitive_attributes": [],
          "private": "bnVsbA==",
          "dependencies": [
            "module.vpc.aws_route_table.public",
            "module.vpc.aws_subnet.public",
            "module.vpc.aws_vpc.this",
            "module.vpc.aws_vpc_ipv4_cidr_block_association.this"
          ]
        },
        {
          "index_key": 4,
          "schema_version": 0,
          "attributes": {
            "gateway_id": "",
            "id": "rtbassoc-06d39693ef1880fc9",
            "route_table_id": "rtb-01f2fd06be446f9b2",
            "subnet_id": "subnet-0a08f737dad317fab"
          },
          "sensitive_attributes": [],
          "private": "bnVsbA==",
          "dependencies": [
            "module.vpc.aws_route_table.public",
            "module.vpc.aws_subnet.public",
            "module.vpc.aws_vpc.this",
            "module.vpc.aws_vpc_ipv4_cidr_block_association.this"
          ]
        }
      ]
    },
    {
      "module": "module.vpc",
      "mode": "managed",
      "type": "aws_subnet",
      "name": "private",
      "provider": "provider[\"registry.terraform.io/hashicorp/aws\"]",
      "instances": [
        {
          "index_key": 0,
          "schema_version": 1,
          "attributes": {
            "arn": "arn:aws:ec2:us-east-1:201385125754:subnet/subnet-04bf8fdf0b2963b58",
            "assign_ipv6_address_on_creation": false,
            "availability_zone": "us-east-1a",
            "availability_zone_id": "use1-az2",
            "cidr_block": "172.23.0.0/22",
            "customer_owned_ipv4_pool": "",
            "enable_dns64": false,
            "enable_resource_name_dns_a_record_on_launch": false,
            "enable_resource_name_dns_aaaa_record_on_launch": false,
            "id": "subnet-04bf8fdf0b2963b58",
            "ipv6_cidr_block": "",
            "ipv6_cidr_block_association_id": "",
            "ipv6_native": false,
            "map_customer_owned_ip_on_launch": false,
            "map_public_ip_on_launch": false,
            "outpost_arn": "",
            "owner_id": "201385125754",
            "private_dns_hostname_type_on_launch": "ip-name",
            "tags": {
              "Name": "caldera-test_private"
            },
            "tags_all": {
              "Name": "caldera-test_private"
            },
            "timeouts": null,
            "vpc_id": "vpc-0db3c5ce2299d2526"
          },
          "sensitive_attributes": [],
          "private": "eyJlMmJmYjczMC1lY2FhLTExZTYtOGY4OC0zNDM2M2JjN2M0YzAiOnsiY3JlYXRlIjo2MDAwMDAwMDAwMDAsImRlbGV0ZSI6MTIwMDAwMDAwMDAwMH0sInNjaGVtYV92ZXJzaW9uIjoiMSJ9",
          "dependencies": [
            "module.vpc.aws_vpc.this",
            "module.vpc.aws_vpc_ipv4_cidr_block_association.this"
          ]
        },
        {
          "index_key": 1,
          "schema_version": 1,
          "attributes": {
            "arn": "arn:aws:ec2:us-east-1:201385125754:subnet/subnet-0ab66a735955873ea",
            "assign_ipv6_address_on_creation": false,
            "availability_zone": "us-east-1b",
            "availability_zone_id": "use1-az4",
            "cidr_block": "172.23.32.0/22",
            "customer_owned_ipv4_pool": "",
            "enable_dns64": false,
            "enable_resource_name_dns_a_record_on_launch": false,
            "enable_resource_name_dns_aaaa_record_on_launch": false,
            "id": "subnet-0ab66a735955873ea",
            "ipv6_cidr_block": "",
            "ipv6_cidr_block_association_id": "",
            "ipv6_native": false,
            "map_customer_owned_ip_on_launch": false,
            "map_public_ip_on_launch": false,
            "outpost_arn": "",
            "owner_id": "201385125754",
            "private_dns_hostname_type_on_launch": "ip-name",
            "tags": {
              "Name": "caldera-test_private"
            },
            "tags_all": {
              "Name": "caldera-test_private"
            },
            "timeouts": null,
            "vpc_id": "vpc-0db3c5ce2299d2526"
          },
          "sensitive_attributes": [],
          "private": "eyJlMmJmYjczMC1lY2FhLTExZTYtOGY4OC0zNDM2M2JjN2M0YzAiOnsiY3JlYXRlIjo2MDAwMDAwMDAwMDAsImRlbGV0ZSI6MTIwMDAwMDAwMDAwMH0sInNjaGVtYV92ZXJzaW9uIjoiMSJ9",
          "dependencies": [
            "module.vpc.aws_vpc.this",
            "module.vpc.aws_vpc_ipv4_cidr_block_association.this"
          ]
        },
        {
          "index_key": 2,
          "schema_version": 1,
          "attributes": {
            "arn": "arn:aws:ec2:us-east-1:201385125754:subnet/subnet-08f330990ac6c863a",
            "assign_ipv6_address_on_creation": false,
            "availability_zone": "us-east-1c",
            "availability_zone_id": "use1-az6",
            "cidr_block": "172.23.64.0/22",
            "customer_owned_ipv4_pool": "",
            "enable_dns64": false,
            "enable_resource_name_dns_a_record_on_launch": false,
            "enable_resource_name_dns_aaaa_record_on_launch": false,
            "id": "subnet-08f330990ac6c863a",
            "ipv6_cidr_block": "",
            "ipv6_cidr_block_association_id": "",
            "ipv6_native": false,
            "map_customer_owned_ip_on_launch": false,
            "map_public_ip_on_launch": false,
            "outpost_arn": "",
            "owner_id": "201385125754",
            "private_dns_hostname_type_on_launch": "ip-name",
            "tags": {
              "Name": "caldera-test_private"
            },
            "tags_all": {
              "Name": "caldera-test_private"
            },
            "timeouts": null,
            "vpc_id": "vpc-0db3c5ce2299d2526"
          },
          "sensitive_attributes": [],
          "private": "eyJlMmJmYjczMC1lY2FhLTExZTYtOGY4OC0zNDM2M2JjN2M0YzAiOnsiY3JlYXRlIjo2MDAwMDAwMDAwMDAsImRlbGV0ZSI6MTIwMDAwMDAwMDAwMH0sInNjaGVtYV92ZXJzaW9uIjoiMSJ9",
          "dependencies": [
            "module.vpc.aws_vpc.this",
            "module.vpc.aws_vpc_ipv4_cidr_block_association.this"
          ]
        },
        {
          "index_key": 3,
          "schema_version": 1,
          "attributes": {
            "arn": "arn:aws:ec2:us-east-1:201385125754:subnet/subnet-02c4959173fb195a5",
            "assign_ipv6_address_on_creation": false,
            "availability_zone": "us-east-1d",
            "availability_zone_id": "use1-az1",
            "cidr_block": "172.23.96.0/22",
            "customer_owned_ipv4_pool": "",
            "enable_dns64": false,
            "enable_resource_name_dns_a_record_on_launch": false,
            "enable_resource_name_dns_aaaa_record_on_launch": false,
            "id": "subnet-02c4959173fb195a5",
            "ipv6_cidr_block": "",
            "ipv6_cidr_block_association_id": "",
            "ipv6_native": false,
            "map_customer_owned_ip_on_launch": false,
            "map_public_ip_on_launch": false,
            "outpost_arn": "",
            "owner_id": "201385125754",
            "private_dns_hostname_type_on_launch": "ip-name",
            "tags": {
              "Name": "caldera-test_private"
            },
            "tags_all": {
              "Name": "caldera-test_private"
            },
            "timeouts": null,
            "vpc_id": "vpc-0db3c5ce2299d2526"
          },
          "sensitive_attributes": [],
          "private": "eyJlMmJmYjczMC1lY2FhLTExZTYtOGY4OC0zNDM2M2JjN2M0YzAiOnsiY3JlYXRlIjo2MDAwMDAwMDAwMDAsImRlbGV0ZSI6MTIwMDAwMDAwMDAwMH0sInNjaGVtYV92ZXJzaW9uIjoiMSJ9",
          "dependencies": [
            "module.vpc.aws_vpc.this",
            "module.vpc.aws_vpc_ipv4_cidr_block_association.this"
          ]
        },
        {
          "index_key": 4,
          "schema_version": 1,
          "attributes": {
            "arn": "arn:aws:ec2:us-east-1:201385125754:subnet/subnet-00f3727a4e9c4c741",
            "assign_ipv6_address_on_creation": false,
            "availability_zone": "us-east-1f",
            "availability_zone_id": "use1-az5",
            "cidr_block": "172.23.160.0/22",
            "customer_owned_ipv4_pool": "",
            "enable_dns64": false,
            "enable_resource_name_dns_a_record_on_launch": false,
            "enable_resource_name_dns_aaaa_record_on_launch": false,
            "id": "subnet-00f3727a4e9c4c741",
            "ipv6_cidr_block": "",
            "ipv6_cidr_block_association_id": "",
            "ipv6_native": false,
            "map_customer_owned_ip_on_launch": false,
            "map_public_ip_on_launch": false,
            "outpost_arn": "",
            "owner_id": "201385125754",
            "private_dns_hostname_type_on_launch": "ip-name",
            "tags": {
              "Name": "caldera-test_private"
            },
            "tags_all": {
              "Name": "caldera-test_private"
            },
            "timeouts": null,
            "vpc_id": "vpc-0db3c5ce2299d2526"
          },
          "sensitive_attributes": [],
          "private": "eyJlMmJmYjczMC1lY2FhLTExZTYtOGY4OC0zNDM2M2JjN2M0YzAiOnsiY3JlYXRlIjo2MDAwMDAwMDAwMDAsImRlbGV0ZSI6MTIwMDAwMDAwMDAwMH0sInNjaGVtYV92ZXJzaW9uIjoiMSJ9",
          "dependencies": [
            "module.vpc.aws_vpc.this",
            "module.vpc.aws_vpc_ipv4_cidr_block_association.this"
          ]
        }
      ]
    },
    {
      "module": "module.vpc",
      "mode": "managed",
      "type": "aws_subnet",
      "name": "public",
      "provider": "provider[\"registry.terraform.io/hashicorp/aws\"]",
      "instances": [
        {
          "index_key": 0,
          "schema_version": 1,
          "attributes": {
            "arn": "arn:aws:ec2:us-east-1:201385125754:subnet/subnet-0f7e23df7ebf8a066",
            "assign_ipv6_address_on_creation": false,
            "availability_zone": "us-east-1a",
            "availability_zone_id": "use1-az2",
            "cidr_block": "172.23.4.0/22",
            "customer_owned_ipv4_pool": "",
            "enable_dns64": false,
            "enable_resource_name_dns_a_record_on_launch": false,
            "enable_resource_name_dns_aaaa_record_on_launch": false,
            "id": "subnet-0f7e23df7ebf8a066",
            "ipv6_cidr_block": "",
            "ipv6_cidr_block_association_id": "",
            "ipv6_native": false,
            "map_customer_owned_ip_on_launch": false,
            "map_public_ip_on_launch": true,
            "outpost_arn": "",
            "owner_id": "201385125754",
            "private_dns_hostname_type_on_launch": "ip-name",
            "tags": {
              "Name": "caldera-test_public"
            },
            "tags_all": {
              "Name": "caldera-test_public"
            },
            "timeouts": null,
            "vpc_id": "vpc-0db3c5ce2299d2526"
          },
          "sensitive_attributes": [],
          "private": "eyJlMmJmYjczMC1lY2FhLTExZTYtOGY4OC0zNDM2M2JjN2M0YzAiOnsiY3JlYXRlIjo2MDAwMDAwMDAwMDAsImRlbGV0ZSI6MTIwMDAwMDAwMDAwMH0sInNjaGVtYV92ZXJzaW9uIjoiMSJ9",
          "dependencies": [
            "module.vpc.aws_vpc.this",
            "module.vpc.aws_vpc_ipv4_cidr_block_association.this"
          ]
        },
        {
          "index_key": 1,
          "schema_version": 1,
          "attributes": {
            "arn": "arn:aws:ec2:us-east-1:201385125754:subnet/subnet-0e198892266161bca",
            "assign_ipv6_address_on_creation": false,
            "availability_zone": "us-east-1b",
            "availability_zone_id": "use1-az4",
            "cidr_block": "172.23.36.0/22",
            "customer_owned_ipv4_pool": "",
            "enable_dns64": false,
            "enable_resource_name_dns_a_record_on_launch": false,
            "enable_resource_name_dns_aaaa_record_on_launch": false,
            "id": "subnet-0e198892266161bca",
            "ipv6_cidr_block": "",
            "ipv6_cidr_block_association_id": "",
            "ipv6_native": false,
            "map_customer_owned_ip_on_launch": false,
            "map_public_ip_on_launch": true,
            "outpost_arn": "",
            "owner_id": "201385125754",
            "private_dns_hostname_type_on_launch": "ip-name",
            "tags": {
              "Name": "caldera-test_public"
            },
            "tags_all": {
              "Name": "caldera-test_public"
            },
            "timeouts": null,
            "vpc_id": "vpc-0db3c5ce2299d2526"
          },
          "sensitive_attributes": [],
          "private": "eyJlMmJmYjczMC1lY2FhLTExZTYtOGY4OC0zNDM2M2JjN2M0YzAiOnsiY3JlYXRlIjo2MDAwMDAwMDAwMDAsImRlbGV0ZSI6MTIwMDAwMDAwMDAwMH0sInNjaGVtYV92ZXJzaW9uIjoiMSJ9",
          "dependencies": [
            "module.vpc.aws_vpc.this",
            "module.vpc.aws_vpc_ipv4_cidr_block_association.this"
          ]
        },
        {
          "index_key": 2,
          "schema_version": 1,
          "attributes": {
            "arn": "arn:aws:ec2:us-east-1:201385125754:subnet/subnet-04b20b20ea9168035",
            "assign_ipv6_address_on_creation": false,
            "availability_zone": "us-east-1c",
            "availability_zone_id": "use1-az6",
            "cidr_block": "172.23.68.0/22",
            "customer_owned_ipv4_pool": "",
            "enable_dns64": false,
            "enable_resource_name_dns_a_record_on_launch": false,
            "enable_resource_name_dns_aaaa_record_on_launch": false,
            "id": "subnet-04b20b20ea9168035",
            "ipv6_cidr_block": "",
            "ipv6_cidr_block_association_id": "",
            "ipv6_native": false,
            "map_customer_owned_ip_on_launch": false,
            "map_public_ip_on_launch": true,
            "outpost_arn": "",
            "owner_id": "201385125754",
            "private_dns_hostname_type_on_launch": "ip-name",
            "tags": {
              "Name": "caldera-test_public"
            },
            "tags_all": {
              "Name": "caldera-test_public"
            },
            "timeouts": null,
            "vpc_id": "vpc-0db3c5ce2299d2526"
          },
          "sensitive_attributes": [],
          "private": "eyJlMmJmYjczMC1lY2FhLTExZTYtOGY4OC0zNDM2M2JjN2M0YzAiOnsiY3JlYXRlIjo2MDAwMDAwMDAwMDAsImRlbGV0ZSI6MTIwMDAwMDAwMDAwMH0sInNjaGVtYV92ZXJzaW9uIjoiMSJ9",
          "dependencies": [
            "module.vpc.aws_vpc.this",
            "module.vpc.aws_vpc_ipv4_cidr_block_association.this"
          ]
        },
        {
          "index_key": 3,
          "schema_version": 1,
          "attributes": {
            "arn": "arn:aws:ec2:us-east-1:201385125754:subnet/subnet-005389b579de49e88",
            "assign_ipv6_address_on_creation": false,
            "availability_zone": "us-east-1d",
            "availability_zone_id": "use1-az1",
            "cidr_block": "172.23.100.0/22",
            "customer_owned_ipv4_pool": "",
            "enable_dns64": false,
            "enable_resource_name_dns_a_record_on_launch": false,
            "enable_resource_name_dns_aaaa_record_on_launch": false,
            "id": "subnet-005389b579de49e88",
            "ipv6_cidr_block": "",
            "ipv6_cidr_block_association_id": "",
            "ipv6_native": false,
            "map_customer_owned_ip_on_launch": false,
            "map_public_ip_on_launch": true,
            "outpost_arn": "",
            "owner_id": "201385125754",
            "private_dns_hostname_type_on_launch": "ip-name",
            "tags": {
              "Name": "caldera-test_public"
            },
            "tags_all": {
              "Name": "caldera-test_public"
            },
            "timeouts": null,
            "vpc_id": "vpc-0db3c5ce2299d2526"
          },
          "sensitive_attributes": [],
          "private": "eyJlMmJmYjczMC1lY2FhLTExZTYtOGY4OC0zNDM2M2JjN2M0YzAiOnsiY3JlYXRlIjo2MDAwMDAwMDAwMDAsImRlbGV0ZSI6MTIwMDAwMDAwMDAwMH0sInNjaGVtYV92ZXJzaW9uIjoiMSJ9",
          "dependencies": [
            "module.vpc.aws_vpc.this",
            "module.vpc.aws_vpc_ipv4_cidr_block_association.this"
          ]
        },
        {
          "index_key": 4,
          "schema_version": 1,
          "attributes": {
            "arn": "arn:aws:ec2:us-east-1:201385125754:subnet/subnet-0a08f737dad317fab",
            "assign_ipv6_address_on_creation": false,
            "availability_zone": "us-east-1f",
            "availability_zone_id": "use1-az5",
            "cidr_block": "172.23.164.0/22",
            "customer_owned_ipv4_pool": "",
            "enable_dns64": false,
            "enable_resource_name_dns_a_record_on_launch": false,
            "enable_resource_name_dns_aaaa_record_on_launch": false,
            "id": "subnet-0a08f737dad317fab",
            "ipv6_cidr_block": "",
            "ipv6_cidr_block_association_id": "",
            "ipv6_native": false,
            "map_customer_owned_ip_on_launch": false,
            "map_public_ip_on_launch": true,
            "outpost_arn": "",
            "owner_id": "201385125754",
            "private_dns_hostname_type_on_launch": "ip-name",
            "tags": {
              "Name": "caldera-test_public"
            },
            "tags_all": {
              "Name": "caldera-test_public"
            },
            "timeouts": null,
            "vpc_id": "vpc-0db3c5ce2299d2526"
          },
          "sensitive_attributes": [],
          "private": "eyJlMmJmYjczMC1lY2FhLTExZTYtOGY4OC0zNDM2M2JjN2M0YzAiOnsiY3JlYXRlIjo2MDAwMDAwMDAwMDAsImRlbGV0ZSI6MTIwMDAwMDAwMDAwMH0sInNjaGVtYV92ZXJzaW9uIjoiMSJ9",
          "dependencies": [
            "module.vpc.aws_vpc.this",
            "module.vpc.aws_vpc_ipv4_cidr_block_association.this"
          ]
        }
      ]
    },
    {
      "module": "module.vpc",
      "mode": "managed",
      "type": "aws_vpc",
      "name": "this",
      "provider": "provider[\"registry.terraform.io/hashicorp/aws\"]",
      "instances": [
        {
          "index_key": 0,
          "schema_version": 1,
          "attributes": {
            "arn": "arn:aws:ec2:us-east-1:201385125754:vpc/vpc-0db3c5ce2299d2526",
            "assign_generated_ipv6_cidr_block": false,
            "cidr_block": "172.23.0.0/16",
            "default_network_acl_id": "acl-0a2208e20e07babba",
            "default_route_table_id": "rtb-0ea809213c6c41ba0",
            "default_security_group_id": "sg-0c6804cc22145984d",
            "dhcp_options_id": "dopt-0d8aa3f14862a7a77",
            "enable_classiclink": false,
            "enable_classiclink_dns_support": false,
            "enable_dns_hostnames": true,
            "enable_dns_support": true,
            "id": "vpc-0db3c5ce2299d2526",
            "instance_tenancy": "default",
            "ipv4_ipam_pool_id": null,
            "ipv4_netmask_length": null,
            "ipv6_association_id": "",
            "ipv6_cidr_block": "",
            "ipv6_cidr_block_network_border_group": "",
            "ipv6_ipam_pool_id": "",
            "ipv6_netmask_length": 0,
            "main_route_table_id": "rtb-0ea809213c6c41ba0",
            "owner_id": "201385125754",
            "tags": {
              "Name": "VPC"
            },
            "tags_all": {
              "Name": "VPC"
            }
          },
          "sensitive_attributes": [],
          "private": "eyJzY2hlbWFfdmVyc2lvbiI6IjEifQ=="
        }
      ]
    }
  ]
}
