{
  "version": 4,
  "terraform_version": "1.2.4",
  "serial": 39,
  "lineage": "358172eb-85a7-4aec-4b06-57ca09fe99d6",
  "outputs": {
    "caldera_server_ip": {
      "value": "54.162.67.180",
      "type": "string"
    },
    "linux_host_ip": {
      "value": "172.23.0.80",
      "type": "string"
    },
    "rsa_private_key": {
      "value": "-----BEGIN RSA PRIVATE KEY-----\nMIIJKQIBAAKCAgEA4oshqT1Q54rTZijYVq+W5Q0vhKisBwP5Etm97UgJk6iqBYC7\nOxI5EZIP67Am6HAXbreFA1/FpkpJvL00RFt0y8Xg4blXOws1ar8XV++L0s0t+72A\nT0cNFuUJt53w7UfFTuEVSMdGA1UYdP7mHCfkEzpoUOrJsA+ClO+QyUXwc+50Ax+0\noMBSm/JLu/38cE+HhFboQvbWwQDGwQuvKO9rlxOLWf4qFGKYHiGAiLc1fPfCYE3a\nRkydsAsrgfh+jbIlvG1/H8vQOvNBU7Wh8cOFhDmBZtDVzcZ4iZBpLCHttmz/kKMn\np9OxyMHiWjzvu3JH31sy20/5QJl3gBFlvadCFry3RYo1TKJhhDjDJ+g83o+xwerZ\nmoN8y9rQ3Yp8h1VzG/8i5aukbiK8f/W2KCrlV6GHALBGXWuHdp9XYFe8RlJCMBNw\ncTREr8mRVGhLp46gwZYxSfC/Mvl+aP8zcF70JMh8Bhg9Mkx1iOFzni6DLxxCsmsr\n0BskDMcRJHkzoAcWgC6w9YzvX2GILW9NraeET9oaif/P/R9FUeB0Lzxk4zYIn7sK\njoxqGWwo+4/tqWzpwl0KRe789ziVKdkJmr4zWd9U7bAZG22oU18qmO5ze32ohn4E\n4t9YVKKLWOrY47mLOJ0RIF9qdDL4YQE815SGgTyS7kN0ZgRAJYnKWX+bAaUCAwEA\nAQKCAgEAhcBJNmdqLdor56Pz3nI6767yQCtprZat5nBCDya56MDq6ObRJBYlNXd8\nCNXukssjOo4FbTGNOxmfIVy/0CAC/BAvLnXDx6tddVGvEY7viZz0Ki3+5E95reu5\n6fvI8/6swl5nt5lXf74s+15HM5ZltOiGEEgeneD6Yr5ySDMPvRKq0fFVLpd97m6G\nQk65TQHXa833wRmFP1wa/HzOhKeeaQrz+kTySSjQ0PFMtuscHFUXIM62MU0oyHg/\nzrOM3FGyr+Yh6P7nSPa3uhmBrICYgrGE8dQYdy5Xmjh1r8W0WEFQPe/mCNMWowW9\ngzN5Ar19K6TniM5VxcsV37nlzKxEepW8W3k2A3Hz+63NgpwneMRw1QcffXZDDz+d\nuGQ/Jows37vW3QkekwLRqvZcNI82QOMoGlaDzrs09wKPuKWp44O1zPZqjCWbQ61K\nH5uT7ewd0RVC8Y+BK5iyiiHSFSvN0AWLh5gWrr2Iy07lcv+N3HMXQuLfv0PFTpvg\n2UZi0mwEUrrjR67TESSow6oZFs2WHfVZJHSpyHMkLLoxgbY1X1rK/KzZGX6d2/uf\n33VHILSi4uCp/jPjDrZG/n04+eV6MenUAFgD1y2XFZLIvbQEtFv1YY+/olMDQEbh\n+yrYRVA6Q0CyKKhFej6Y8GDld7jw7RLeC0K0FJ/fO41J4RcKcWECggEBAPOOpuU8\nWN1lzW3aTBsCCW2Jg/6nNAtX0ifRRe4dCaHwHtYcU3bZgUboqK+evwrKRDyI0nR9\nuTcjeL1ohcl48ABPHhE070GLW6JrLz8Ifqa3lVNhf/aep17qPq0K2BbVQv5k81Ir\n2uVeUr5zI2InpNtMIbRXFYg44ShQAWD6YCeY7u/7f18SP6lLT5ejnxOER86FnyK9\nnH2+9UcHD6lUMs1R1MhHTbG5WoeA6lTifd0PsLN5e0XArNGstvlTQDaeOkKamVTe\nRJZ2PoLVkLzuwQB+tdvthBiaYJ26FtjXTmwj+wx3K2PeCE8sajySMR2EZa5Uo8tb\n1pGvRWa9jN/Fo70CggEBAO4d910asL9sPpkKzAEjzVjFE07fs2JT0jqtO+JgEWfF\n/4tCQayUzdHQDtK18Qn2b0cAdby2XatfFnOacx9TcJbJ7t5lVNaF5jVIUYSfJdy2\nG504vh/fzigqCUb+4vCCXTSRPYDoLTkcfFEPCTYrz5XHJbJO1F3yGFN8V0t1bnwu\n6nTIaBe1M7qUm7bvhww5K/s0u48jX6pd1qVH6h/MJ6onBtAHe9iViTTOUJ6KYTAJ\n+S96Xsqm8jgiLt8N4ox6Vq22T/aOiFz60L94ZGy0Q2SqUwR3Te1gcCn8RQJSq4yd\n+sgHcHHCTNwDz7Gy8xB5ErlyO9RFNfbFfcHm1vqtQAkCggEAcg7VA7dOGmiJWq+H\nQoKiraRfpwrgaYt4BGORrx/0Gd0cY8KiJ59WVkGwdYYPC1uLtxmQDTOvYC4BZhoj\nxSUYp9xlRUOX5AcCI760Qn2U6jhA+upHBdRopx9luJ3Ccnbux7m45TtaaF3SvBOp\nd1b/ch9mDVFW6RNSBhHpg2PdUc3h34rUrE4ceAinvmjGn1osUn/q9Vb8iTq7HMcm\nw3KF0/dFgYE61kbqKVjq5FOpA7RMWNBENXc0t4B9s6cUBD/3IqfJtJ/eWOQJBDZF\ncOUSh0vPmK3TVb4+Dr9N4cB6nlP/RmgsbrlVBNbU7Ya874jIIWrLxfk9M75z7thH\nt6eTtQKCAQEApmCJ1qQvm5EmrAi/QoyhjsUlGJd1395xpk4k6af2gWv3gnZpLQ1M\nQq39rX0zTqLCXfoUSieii3uFVIE2r0y9/p5aKUrkXIByuggt7VzGN9GGufRL5Dmc\n8rNsiA7QwvxT48cYElooPx+IPZsj9JXoFd9wl4Y9HOdr1+mplTAYYuzlJXRiRy51\nVok/xDLZSdEoyf2uj/VHguLOd+4nyM/9Zwad2/1eq5bQp/UAn8ZQ4iAV3PbEBRVh\naZd46KHrCfzxU69vb/dnkJAwC5kzkkDiVhQsrZIvAQ3BUZTTIyxgcYBxGhMYnmQF\nEDYZiTBgZcIzMyB+bXNuoV6c4D9LNxyXAQKCAQBhig2/HeHwK1Y8lV1aqflVLzLh\nIes0aGSu/8C6PST4W8ia/WxGYkdYsh4o3A3gFpPxpK6ROWUT/6B22zjhVMGlADLq\ng+jVVRH9Cg4qpg+TAFH4qWiqKbLAI7Y1O5ynwZOHHT/8/Rm/Rg+ucijzTWGMT3DI\ndoSsAz7c+R4ADlzIHGLza2e7kxvm/E2O4LHyvvDjS15R9a3k5RXESnnMCbCJo1Mc\n0z4NPQ8zF/ht5Dt89x8yNC/0hjpRg1x6OBpbNnOf0oSaF455ZAyXSWcIP6WaRYeg\n0VqNK36saVQWqw/LZYDAdmBWtNBlaXrE6Cz+GBoX3gKwh4Uvup0bX58hTmYu\n-----END RSA PRIVATE KEY-----\n",
      "type": "string"
    },
    "windows_host_ip": {
      "value": "172.23.7.85",
      "type": "string"
    }
  },
  "resources": [
    {
      "mode": "managed",
      "type": "aws_instance",
      "name": "caldera_server",
      "provider": "provider[\"registry.terraform.io/hashicorp/aws\"]",
      "instances": [
        {
          "schema_version": 1,
          "attributes": {
            "ami": "ami-09d56f8956ab235b3",
            "arn": "arn:aws:ec2:us-east-1:763023262792:instance/i-04d169f8a385663b6",
            "associate_public_ip_address": true,
            "availability_zone": "us-east-1a",
            "capacity_reservation_specification": [
              {
                "capacity_reservation_preference": "open",
                "capacity_reservation_target": []
              }
            ],
            "cpu_core_count": 1,
            "cpu_threads_per_core": 2,
            "credit_specification": [
              {
                "cpu_credits": "unlimited"
              }
            ],
            "disable_api_stop": false,
            "disable_api_termination": false,
            "ebs_block_device": [],
            "ebs_optimized": false,
            "enclave_options": [
              {
                "enabled": false
              }
            ],
            "ephemeral_block_device": [],
            "get_password_data": false,
            "hibernation": false,
            "host_id": null,
            "iam_instance_profile": "",
            "id": "i-04d169f8a385663b6",
            "instance_initiated_shutdown_behavior": "stop",
            "instance_state": "running",
            "instance_type": "t3.medium",
            "ipv6_address_count": 0,
            "ipv6_addresses": [],
            "key_name": "caldera-nodes",
            "launch_template": [],
            "maintenance_options": [
              {
                "auto_recovery": "default"
              }
            ],
            "metadata_options": [
              {
                "http_endpoint": "enabled",
                "http_put_response_hop_limit": 1,
                "http_tokens": "optional",
                "instance_metadata_tags": "disabled"
              }
            ],
            "monitoring": false,
            "network_interface": [],
            "outpost_arn": "",
            "password_data": "",
            "placement_group": "",
            "placement_partition_number": null,
            "primary_network_interface_id": "eni-0b755dcaee4f16478",
            "private_dns": "ip-172-23-6-95.ec2.internal",
            "private_dns_name_options": [
              {
                "enable_resource_name_dns_a_record": false,
                "enable_resource_name_dns_aaaa_record": false,
                "hostname_type": "ip-name"
              }
            ],
            "private_ip": "172.23.6.95",
            "public_dns": "ec2-54-162-67-180.compute-1.amazonaws.com",
            "public_ip": "54.162.67.180",
            "root_block_device": [
              {
                "delete_on_termination": true,
                "device_name": "/dev/sda1",
                "encrypted": false,
                "iops": 100,
                "kms_key_id": "",
                "tags": {},
                "throughput": 0,
                "volume_id": "vol-0f2a0fda519d13801",
                "volume_size": 8,
                "volume_type": "gp2"
              }
            ],
            "secondary_private_ips": [],
            "security_groups": [],
            "source_dest_check": true,
            "subnet_id": "subnet-0a6856d4d5d508405",
            "tags": {
              "Name": "caldera_server",
              "environment": "caldera-test"
            },
            "tags_all": {
              "Name": "caldera_server",
              "environment": "caldera-test"
            },
            "tenancy": "default",
            "timeouts": null,
            "user_data": "40871111b73dea6b5d322930f8e792b4e96fbfa4",
            "user_data_base64": null,
            "user_data_replace_on_change": false,
            "volume_tags": null,
            "vpc_security_group_ids": [
              "sg-08e4ca11e9a4af2ae"
            ]
          },
          "sensitive_attributes": [],
          "private": "eyJlMmJmYjczMC1lY2FhLTExZTYtOGY4OC0zNDM2M2JjN2M0YzAiOnsiY3JlYXRlIjo2MDAwMDAwMDAwMDAsImRlbGV0ZSI6MTIwMDAwMDAwMDAwMCwidXBkYXRlIjo2MDAwMDAwMDAwMDB9LCJzY2hlbWFfdmVyc2lvbiI6IjEifQ==",
          "dependencies": [
            "aws_security_group.sg_caldera_server",
            "module.aws_rsa_key.aws_key_pair.worker",
            "module.aws_rsa_key.local_file.ssh_local",
            "module.aws_rsa_key.tls_private_key.ssh_key",
            "module.vpc.aws_cloudwatch_log_group.flow_log",
            "module.vpc.aws_customer_gateway.this",
            "module.vpc.aws_db_subnet_group.database",
            "module.vpc.aws_default_network_acl.this",
            "module.vpc.aws_default_route_table.default",
            "module.vpc.aws_default_security_group.this",
            "module.vpc.aws_default_vpc.this",
            "module.vpc.aws_egress_only_internet_gateway.this",
            "module.vpc.aws_eip.nat",
            "module.vpc.aws_elasticache_subnet_group.elasticache",
            "module.vpc.aws_flow_log.this",
            "module.vpc.aws_iam_policy.vpc_flow_log_cloudwatch",
            "module.vpc.aws_iam_role.vpc_flow_log_cloudwatch",
            "module.vpc.aws_iam_role_policy_attachment.vpc_flow_log_cloudwatch",
            "module.vpc.aws_internet_gateway.this",
            "module.vpc.aws_nat_gateway.this",
            "module.vpc.aws_network_acl.database",
            "module.vpc.aws_network_acl.elasticache",
            "module.vpc.aws_network_acl.intra",
            "module.vpc.aws_network_acl.outpost",
            "module.vpc.aws_network_acl.private",
            "module.vpc.aws_network_acl.public",
            "module.vpc.aws_network_acl.redshift",
            "module.vpc.aws_network_acl_rule.database_inbound",
            "module.vpc.aws_network_acl_rule.database_outbound",
            "module.vpc.aws_network_acl_rule.elasticache_inbound",
            "module.vpc.aws_network_acl_rule.elasticache_outbound",
            "module.vpc.aws_network_acl_rule.intra_inbound",
            "module.vpc.aws_network_acl_rule.intra_outbound",
            "module.vpc.aws_network_acl_rule.outpost_inbound",
            "module.vpc.aws_network_acl_rule.outpost_outbound",
            "module.vpc.aws_network_acl_rule.private_inbound",
            "module.vpc.aws_network_acl_rule.private_outbound",
            "module.vpc.aws_network_acl_rule.public_inbound",
            "module.vpc.aws_network_acl_rule.public_outbound",
            "module.vpc.aws_network_acl_rule.redshift_inbound",
            "module.vpc.aws_network_acl_rule.redshift_outbound",
            "module.vpc.aws_redshift_subnet_group.redshift",
            "module.vpc.aws_route.database_internet_gateway",
            "module.vpc.aws_route.database_ipv6_egress",
            "module.vpc.aws_route.database_nat_gateway",
            "module.vpc.aws_route.private_ipv6_egress",
            "module.vpc.aws_route.private_nat_gateway",
            "module.vpc.aws_route.public_internet_gateway",
            "module.vpc.aws_route.public_internet_gateway_ipv6",
            "module.vpc.aws_route_table.database",
            "module.vpc.aws_route_table.elasticache",
            "module.vpc.aws_route_table.intra",
            "module.vpc.aws_route_table.private",
            "module.vpc.aws_route_table.public",
            "module.vpc.aws_route_table.redshift",
            "module.vpc.aws_route_table_association.database",
            "module.vpc.aws_route_table_association.elasticache",
            "module.vpc.aws_route_table_association.intra",
            "module.vpc.aws_route_table_association.outpost",
            "module.vpc.aws_route_table_association.private",
            "module.vpc.aws_route_table_association.public",
            "module.vpc.aws_route_table_association.redshift",
            "module.vpc.aws_route_table_association.redshift_public",
            "module.vpc.aws_subnet.database",
            "module.vpc.aws_subnet.elasticache",
            "module.vpc.aws_subnet.intra",
            "module.vpc.aws_subnet.outpost",
            "module.vpc.aws_subnet.private",
            "module.vpc.aws_subnet.public",
            "module.vpc.aws_subnet.redshift",
            "module.vpc.aws_vpc.this",
            "module.vpc.aws_vpc_dhcp_options.this",
            "module.vpc.aws_vpc_dhcp_options_association.this",
            "module.vpc.aws_vpc_ipv4_cidr_block_association.this",
            "module.vpc.aws_vpn_gateway.this",
            "module.vpc.aws_vpn_gateway_attachment.this",
            "module.vpc.aws_vpn_gateway_route_propagation.intra",
            "module.vpc.aws_vpn_gateway_route_propagation.private",
            "module.vpc.aws_vpn_gateway_route_propagation.public",
            "module.vpc.data.aws_iam_policy_document.flow_log_cloudwatch_assume_role",
            "module.vpc.data.aws_iam_policy_document.vpc_flow_log_cloudwatch"
          ]
        }
      ]
    },
    {
      "mode": "managed",
      "type": "aws_instance",
      "name": "linux_host",
      "provider": "provider[\"registry.terraform.io/hashicorp/aws\"]",
      "instances": [
        {
          "schema_version": 1,
          "attributes": {
            "ami": "ami-09d56f8956ab235b3",
            "arn": "arn:aws:ec2:us-east-1:763023262792:instance/i-020d7c9829233d197",
            "associate_public_ip_address": false,
            "availability_zone": "us-east-1a",
            "capacity_reservation_specification": [
              {
                "capacity_reservation_preference": "open",
                "capacity_reservation_target": []
              }
            ],
            "cpu_core_count": 1,
            "cpu_threads_per_core": 1,
            "credit_specification": [
              {
                "cpu_credits": "standard"
              }
            ],
            "disable_api_stop": false,
            "disable_api_termination": false,
            "ebs_block_device": [],
            "ebs_optimized": false,
            "enclave_options": [
              {
                "enabled": false
              }
            ],
            "ephemeral_block_device": [],
            "get_password_data": false,
            "hibernation": false,
            "host_id": null,
            "iam_instance_profile": "",
            "id": "i-020d7c9829233d197",
            "instance_initiated_shutdown_behavior": "stop",
            "instance_state": "running",
            "instance_type": "t2.small",
            "ipv6_address_count": 0,
            "ipv6_addresses": [],
            "key_name": "caldera-nodes",
            "launch_template": [],
            "maintenance_options": [
              {
                "auto_recovery": "default"
              }
            ],
            "metadata_options": [
              {
                "http_endpoint": "enabled",
                "http_put_response_hop_limit": 1,
                "http_tokens": "optional",
                "instance_metadata_tags": "disabled"
              }
            ],
            "monitoring": false,
            "network_interface": [],
            "outpost_arn": "",
            "password_data": "",
            "placement_group": "",
            "placement_partition_number": null,
            "primary_network_interface_id": "eni-0c38ae73e8b0030f7",
            "private_dns": "ip-172-23-0-80.ec2.internal",
            "private_dns_name_options": [
              {
                "enable_resource_name_dns_a_record": false,
                "enable_resource_name_dns_aaaa_record": false,
                "hostname_type": "ip-name"
              }
            ],
            "private_ip": "172.23.0.80",
            "public_dns": "",
            "public_ip": "",
            "root_block_device": [
              {
                "delete_on_termination": true,
                "device_name": "/dev/sda1",
                "encrypted": false,
                "iops": 100,
                "kms_key_id": "",
                "tags": {},
                "throughput": 0,
                "volume_id": "vol-0f8a83762f7678569",
                "volume_size": 8,
                "volume_type": "gp2"
              }
            ],
            "secondary_private_ips": [],
            "security_groups": [],
            "source_dest_check": true,
            "subnet_id": "subnet-0f576729c304dda16",
            "tags": {
              "Name": "linux_host",
              "environment": "caldera-test"
            },
            "tags_all": {
              "Name": "linux_host",
              "environment": "caldera-test"
            },
            "tenancy": "default",
            "timeouts": null,
            "user_data": "a5af940e486b9cde9ba71928e26266329119f38f",
            "user_data_base64": null,
            "user_data_replace_on_change": false,
            "volume_tags": null,
            "vpc_security_group_ids": [
              "sg-08e70eaf2a1f5d2d6"
            ]
          },
          "sensitive_attributes": [],
          "private": "eyJlMmJmYjczMC1lY2FhLTExZTYtOGY4OC0zNDM2M2JjN2M0YzAiOnsiY3JlYXRlIjo2MDAwMDAwMDAwMDAsImRlbGV0ZSI6MTIwMDAwMDAwMDAwMCwidXBkYXRlIjo2MDAwMDAwMDAwMDB9LCJzY2hlbWFfdmVyc2lvbiI6IjEifQ==",
          "dependencies": [
            "aws_instance.caldera_server",
            "aws_security_group.sg_caldera_linux",
            "module.aws_rsa_key.aws_key_pair.worker",
            "module.aws_rsa_key.local_file.ssh_local",
            "module.aws_rsa_key.tls_private_key.ssh_key",
            "module.vpc.aws_cloudwatch_log_group.flow_log",
            "module.vpc.aws_customer_gateway.this",
            "module.vpc.aws_db_subnet_group.database",
            "module.vpc.aws_default_network_acl.this",
            "module.vpc.aws_default_route_table.default",
            "module.vpc.aws_default_security_group.this",
            "module.vpc.aws_default_vpc.this",
            "module.vpc.aws_egress_only_internet_gateway.this",
            "module.vpc.aws_eip.nat",
            "module.vpc.aws_elasticache_subnet_group.elasticache",
            "module.vpc.aws_flow_log.this",
            "module.vpc.aws_iam_policy.vpc_flow_log_cloudwatch",
            "module.vpc.aws_iam_role.vpc_flow_log_cloudwatch",
            "module.vpc.aws_iam_role_policy_attachment.vpc_flow_log_cloudwatch",
            "module.vpc.aws_internet_gateway.this",
            "module.vpc.aws_nat_gateway.this",
            "module.vpc.aws_network_acl.database",
            "module.vpc.aws_network_acl.elasticache",
            "module.vpc.aws_network_acl.intra",
            "module.vpc.aws_network_acl.outpost",
            "module.vpc.aws_network_acl.private",
            "module.vpc.aws_network_acl.public",
            "module.vpc.aws_network_acl.redshift",
            "module.vpc.aws_network_acl_rule.database_inbound",
            "module.vpc.aws_network_acl_rule.database_outbound",
            "module.vpc.aws_network_acl_rule.elasticache_inbound",
            "module.vpc.aws_network_acl_rule.elasticache_outbound",
            "module.vpc.aws_network_acl_rule.intra_inbound",
            "module.vpc.aws_network_acl_rule.intra_outbound",
            "module.vpc.aws_network_acl_rule.outpost_inbound",
            "module.vpc.aws_network_acl_rule.outpost_outbound",
            "module.vpc.aws_network_acl_rule.private_inbound",
            "module.vpc.aws_network_acl_rule.private_outbound",
            "module.vpc.aws_network_acl_rule.public_inbound",
            "module.vpc.aws_network_acl_rule.public_outbound",
            "module.vpc.aws_network_acl_rule.redshift_inbound",
            "module.vpc.aws_network_acl_rule.redshift_outbound",
            "module.vpc.aws_redshift_subnet_group.redshift",
            "module.vpc.aws_route.database_internet_gateway",
            "module.vpc.aws_route.database_ipv6_egress",
            "module.vpc.aws_route.database_nat_gateway",
            "module.vpc.aws_route.private_ipv6_egress",
            "module.vpc.aws_route.private_nat_gateway",
            "module.vpc.aws_route.public_internet_gateway",
            "module.vpc.aws_route.public_internet_gateway_ipv6",
            "module.vpc.aws_route_table.database",
            "module.vpc.aws_route_table.elasticache",
            "module.vpc.aws_route_table.intra",
            "module.vpc.aws_route_table.private",
            "module.vpc.aws_route_table.public",
            "module.vpc.aws_route_table.redshift",
            "module.vpc.aws_route_table_association.database",
            "module.vpc.aws_route_table_association.elasticache",
            "module.vpc.aws_route_table_association.intra",
            "module.vpc.aws_route_table_association.outpost",
            "module.vpc.aws_route_table_association.private",
            "module.vpc.aws_route_table_association.public",
            "module.vpc.aws_route_table_association.redshift",
            "module.vpc.aws_route_table_association.redshift_public",
            "module.vpc.aws_subnet.database",
            "module.vpc.aws_subnet.elasticache",
            "module.vpc.aws_subnet.intra",
            "module.vpc.aws_subnet.outpost",
            "module.vpc.aws_subnet.private",
            "module.vpc.aws_subnet.public",
            "module.vpc.aws_subnet.redshift",
            "module.vpc.aws_vpc.this",
            "module.vpc.aws_vpc_dhcp_options.this",
            "module.vpc.aws_vpc_dhcp_options_association.this",
            "module.vpc.aws_vpc_ipv4_cidr_block_association.this",
            "module.vpc.aws_vpn_gateway.this",
            "module.vpc.aws_vpn_gateway_attachment.this",
            "module.vpc.aws_vpn_gateway_route_propagation.intra",
            "module.vpc.aws_vpn_gateway_route_propagation.private",
            "module.vpc.aws_vpn_gateway_route_propagation.public",
            "module.vpc.data.aws_iam_policy_document.flow_log_cloudwatch_assume_role",
            "module.vpc.data.aws_iam_policy_document.vpc_flow_log_cloudwatch"
          ]
        }
      ]
    },
    {
      "mode": "managed",
      "type": "aws_instance",
      "name": "windows_host",
      "provider": "provider[\"registry.terraform.io/hashicorp/aws\"]",
      "instances": [
        {
          "schema_version": 1,
          "attributes": {
            "ami": "ami-0193dcf9aa4f5654e",
            "arn": "arn:aws:ec2:us-east-1:763023262792:instance/i-005fa5747ad69fb75",
            "associate_public_ip_address": true,
            "availability_zone": "us-east-1a",
            "capacity_reservation_specification": [
              {
                "capacity_reservation_preference": "open",
                "capacity_reservation_target": []
              }
            ],
            "cpu_core_count": 1,
            "cpu_threads_per_core": 2,
            "credit_specification": [
              {
                "cpu_credits": "unlimited"
              }
            ],
            "disable_api_stop": false,
            "disable_api_termination": false,
            "ebs_block_device": [],
            "ebs_optimized": false,
            "enclave_options": [
              {
                "enabled": false
              }
            ],
            "ephemeral_block_device": [],
            "get_password_data": false,
            "hibernation": false,
            "host_id": null,
            "iam_instance_profile": "",
            "id": "i-005fa5747ad69fb75",
            "instance_initiated_shutdown_behavior": "stop",
            "instance_state": "running",
            "instance_type": "t3.medium",
            "ipv6_address_count": 0,
            "ipv6_addresses": [],
            "key_name": "caldera-nodes",
            "launch_template": [],
            "maintenance_options": [
              {
                "auto_recovery": "default"
              }
            ],
            "metadata_options": [
              {
                "http_endpoint": "enabled",
                "http_put_response_hop_limit": 1,
                "http_tokens": "optional",
                "instance_metadata_tags": "disabled"
              }
            ],
            "monitoring": false,
            "network_interface": [],
            "outpost_arn": "",
            "password_data": "",
            "placement_group": "",
            "placement_partition_number": null,
            "primary_network_interface_id": "eni-026ac88aafed1bc63",
            "private_dns": "ip-172-23-7-85.ec2.internal",
            "private_dns_name_options": [
              {
                "enable_resource_name_dns_a_record": false,
                "enable_resource_name_dns_aaaa_record": false,
                "hostname_type": "ip-name"
              }
            ],
            "private_ip": "172.23.7.85",
            "public_dns": "ec2-18-206-181-247.compute-1.amazonaws.com",
            "public_ip": "18.206.181.247",
            "root_block_device": [
              {
                "delete_on_termination": true,
                "device_name": "/dev/sda1",
                "encrypted": false,
                "iops": 100,
                "kms_key_id": "",
                "tags": {},
                "throughput": 0,
                "volume_id": "vol-08db881071b33aa81",
                "volume_size": 30,
                "volume_type": "gp2"
              }
            ],
            "secondary_private_ips": [],
            "security_groups": [],
            "source_dest_check": true,
            "subnet_id": "subnet-0a6856d4d5d508405",
            "tags": {
              "Name": "windows_host",
              "environment": "caldera-test"
            },
            "tags_all": {
              "Name": "windows_host",
              "environment": "caldera-test"
            },
            "tenancy": "default",
            "timeouts": null,
            "user_data": "fdf71b3ecd056bac9fc1e159853d4219097c69cc",
            "user_data_base64": null,
            "user_data_replace_on_change": false,
            "volume_tags": null,
            "vpc_security_group_ids": [
              "sg-09029d1e80de74ebd"
            ]
          },
          "sensitive_attributes": [],
          "private": "eyJlMmJmYjczMC1lY2FhLTExZTYtOGY4OC0zNDM2M2JjN2M0YzAiOnsiY3JlYXRlIjo2MDAwMDAwMDAwMDAsImRlbGV0ZSI6MTIwMDAwMDAwMDAwMCwidXBkYXRlIjo2MDAwMDAwMDAwMDB9LCJzY2hlbWFfdmVyc2lvbiI6IjEifQ==",
          "dependencies": [
            "aws_instance.caldera_server",
            "aws_security_group.sg_caldera_windows",
            "module.aws_rsa_key.aws_key_pair.worker",
            "module.aws_rsa_key.local_file.ssh_local",
            "module.aws_rsa_key.tls_private_key.ssh_key",
            "module.vpc.aws_cloudwatch_log_group.flow_log",
            "module.vpc.aws_customer_gateway.this",
            "module.vpc.aws_db_subnet_group.database",
            "module.vpc.aws_default_network_acl.this",
            "module.vpc.aws_default_route_table.default",
            "module.vpc.aws_default_security_group.this",
            "module.vpc.aws_default_vpc.this",
            "module.vpc.aws_egress_only_internet_gateway.this",
            "module.vpc.aws_eip.nat",
            "module.vpc.aws_elasticache_subnet_group.elasticache",
            "module.vpc.aws_flow_log.this",
            "module.vpc.aws_iam_policy.vpc_flow_log_cloudwatch",
            "module.vpc.aws_iam_role.vpc_flow_log_cloudwatch",
            "module.vpc.aws_iam_role_policy_attachment.vpc_flow_log_cloudwatch",
            "module.vpc.aws_internet_gateway.this",
            "module.vpc.aws_nat_gateway.this",
            "module.vpc.aws_network_acl.database",
            "module.vpc.aws_network_acl.elasticache",
            "module.vpc.aws_network_acl.intra",
            "module.vpc.aws_network_acl.outpost",
            "module.vpc.aws_network_acl.private",
            "module.vpc.aws_network_acl.public",
            "module.vpc.aws_network_acl.redshift",
            "module.vpc.aws_network_acl_rule.database_inbound",
            "module.vpc.aws_network_acl_rule.database_outbound",
            "module.vpc.aws_network_acl_rule.elasticache_inbound",
            "module.vpc.aws_network_acl_rule.elasticache_outbound",
            "module.vpc.aws_network_acl_rule.intra_inbound",
            "module.vpc.aws_network_acl_rule.intra_outbound",
            "module.vpc.aws_network_acl_rule.outpost_inbound",
            "module.vpc.aws_network_acl_rule.outpost_outbound",
            "module.vpc.aws_network_acl_rule.private_inbound",
            "module.vpc.aws_network_acl_rule.private_outbound",
            "module.vpc.aws_network_acl_rule.public_inbound",
            "module.vpc.aws_network_acl_rule.public_outbound",
            "module.vpc.aws_network_acl_rule.redshift_inbound",
            "module.vpc.aws_network_acl_rule.redshift_outbound",
            "module.vpc.aws_redshift_subnet_group.redshift",
            "module.vpc.aws_route.database_internet_gateway",
            "module.vpc.aws_route.database_ipv6_egress",
            "module.vpc.aws_route.database_nat_gateway",
            "module.vpc.aws_route.private_ipv6_egress",
            "module.vpc.aws_route.private_nat_gateway",
            "module.vpc.aws_route.public_internet_gateway",
            "module.vpc.aws_route.public_internet_gateway_ipv6",
            "module.vpc.aws_route_table.database",
            "module.vpc.aws_route_table.elasticache",
            "module.vpc.aws_route_table.intra",
            "module.vpc.aws_route_table.private",
            "module.vpc.aws_route_table.public",
            "module.vpc.aws_route_table.redshift",
            "module.vpc.aws_route_table_association.database",
            "module.vpc.aws_route_table_association.elasticache",
            "module.vpc.aws_route_table_association.intra",
            "module.vpc.aws_route_table_association.outpost",
            "module.vpc.aws_route_table_association.private",
            "module.vpc.aws_route_table_association.public",
            "module.vpc.aws_route_table_association.redshift",
            "module.vpc.aws_route_table_association.redshift_public",
            "module.vpc.aws_subnet.database",
            "module.vpc.aws_subnet.elasticache",
            "module.vpc.aws_subnet.intra",
            "module.vpc.aws_subnet.outpost",
            "module.vpc.aws_subnet.private",
            "module.vpc.aws_subnet.public",
            "module.vpc.aws_subnet.redshift",
            "module.vpc.aws_vpc.this",
            "module.vpc.aws_vpc_dhcp_options.this",
            "module.vpc.aws_vpc_dhcp_options_association.this",
            "module.vpc.aws_vpc_ipv4_cidr_block_association.this",
            "module.vpc.aws_vpn_gateway.this",
            "module.vpc.aws_vpn_gateway_attachment.this",
            "module.vpc.aws_vpn_gateway_route_propagation.intra",
            "module.vpc.aws_vpn_gateway_route_propagation.private",
            "module.vpc.aws_vpn_gateway_route_propagation.public",
            "module.vpc.data.aws_iam_policy_document.flow_log_cloudwatch_assume_role",
            "module.vpc.data.aws_iam_policy_document.vpc_flow_log_cloudwatch"
          ]
        }
      ]
    },
    {
      "mode": "managed",
      "type": "aws_security_group",
      "name": "sg_caldera_linux",
      "provider": "provider[\"registry.terraform.io/hashicorp/aws\"]",
      "instances": [
        {
          "schema_version": 1,
          "attributes": {
            "arn": "arn:aws:ec2:us-east-1:763023262792:security-group/sg-08e70eaf2a1f5d2d6",
            "description": "Allow ssh access for linux host",
            "egress": [
              {
                "cidr_blocks": [
                  "0.0.0.0/0"
                ],
                "description": "",
                "from_port": 0,
                "ipv6_cidr_blocks": [],
                "prefix_list_ids": [],
                "protocol": "-1",
                "security_groups": [],
                "self": false,
                "to_port": 0
              }
            ],
            "id": "sg-08e70eaf2a1f5d2d6",
            "ingress": [
              {
                "cidr_blocks": [
                  "172.23.0.0/16"
                ],
                "description": "SSH port",
                "from_port": 22,
                "ipv6_cidr_blocks": [],
                "prefix_list_ids": [],
                "protocol": "tcp",
                "security_groups": [],
                "self": false,
                "to_port": 22
              }
            ],
            "name": "sg_caldera_web",
            "name_prefix": "",
            "owner_id": "763023262792",
            "revoke_rules_on_delete": false,
            "tags": {
              "environment": "caldera-test"
            },
            "tags_all": {
              "environment": "caldera-test"
            },
            "timeouts": null,
            "vpc_id": "vpc-025a0f01dcdee481d"
          },
          "sensitive_attributes": [],
          "private": "eyJlMmJmYjczMC1lY2FhLTExZTYtOGY4OC0zNDM2M2JjN2M0YzAiOnsiY3JlYXRlIjo2MDAwMDAwMDAwMDAsImRlbGV0ZSI6OTAwMDAwMDAwMDAwfSwic2NoZW1hX3ZlcnNpb24iOiIxIn0=",
          "dependencies": [
            "module.vpc.aws_vpc.this"
          ]
        }
      ]
    },
    {
      "mode": "managed",
      "type": "aws_security_group",
      "name": "sg_caldera_server",
      "provider": "provider[\"registry.terraform.io/hashicorp/aws\"]",
      "instances": [
        {
          "schema_version": 1,
          "attributes": {
            "arn": "arn:aws:ec2:us-east-1:763023262792:security-group/sg-08e4ca11e9a4af2ae",
            "description": "Allow ports for caldera server",
            "egress": [
              {
                "cidr_blocks": [
                  "0.0.0.0/0"
                ],
                "description": "",
                "from_port": 0,
                "ipv6_cidr_blocks": [],
                "prefix_list_ids": [],
                "protocol": "-1",
                "security_groups": [],
                "self": false,
                "to_port": 0
              }
            ],
            "id": "sg-08e4ca11e9a4af2ae",
            "ingress": [
              {
                "cidr_blocks": [
                  "0.0.0.0/0"
                ],
                "description": "Caldera server port",
                "from_port": 2288,
                "ipv6_cidr_blocks": [],
                "prefix_list_ids": [],
                "protocol": "tcp",
                "security_groups": [],
                "self": false,
                "to_port": 2288
              },
              {
                "cidr_blocks": [
                  "0.0.0.0/0"
                ],
                "description": "SSH from VPC",
                "from_port": 22,
                "ipv6_cidr_blocks": [],
                "prefix_list_ids": [],
                "protocol": "tcp",
                "security_groups": [],
                "self": false,
                "to_port": 22
              }
            ],
            "name": "sg_caldera_linux",
            "name_prefix": "",
            "owner_id": "763023262792",
            "revoke_rules_on_delete": false,
            "tags": {
              "environment": "caldera-test"
            },
            "tags_all": {
              "environment": "caldera-test"
            },
            "timeouts": null,
            "vpc_id": "vpc-025a0f01dcdee481d"
          },
          "sensitive_attributes": [],
          "private": "eyJlMmJmYjczMC1lY2FhLTExZTYtOGY4OC0zNDM2M2JjN2M0YzAiOnsiY3JlYXRlIjo2MDAwMDAwMDAwMDAsImRlbGV0ZSI6OTAwMDAwMDAwMDAwfSwic2NoZW1hX3ZlcnNpb24iOiIxIn0=",
          "dependencies": [
            "module.vpc.aws_vpc.this"
          ]
        }
      ]
    },
    {
      "mode": "managed",
      "type": "aws_security_group",
      "name": "sg_caldera_windows",
      "provider": "provider[\"registry.terraform.io/hashicorp/aws\"]",
      "instances": [
        {
          "schema_version": 1,
          "attributes": {
            "arn": "arn:aws:ec2:us-east-1:763023262792:security-group/sg-09029d1e80de74ebd",
            "description": "Allow RDP for windows host",
            "egress": [
              {
                "cidr_blocks": [
                  "0.0.0.0/0"
                ],
                "description": "",
                "from_port": 0,
                "ipv6_cidr_blocks": [],
                "prefix_list_ids": [],
                "protocol": "-1",
                "security_groups": [],
                "self": false,
                "to_port": 0
              }
            ],
            "id": "sg-09029d1e80de74ebd",
            "ingress": [
              {
                "cidr_blocks": [
                  "0.0.0.0/0"
                ],
                "description": "RDP port",
                "from_port": 3389,
                "ipv6_cidr_blocks": [],
                "prefix_list_ids": [],
                "protocol": "tcp",
                "security_groups": [],
                "self": false,
                "to_port": 3389
              }
            ],
            "name": "sg_caldera_windows",
            "name_prefix": "",
            "owner_id": "763023262792",
            "revoke_rules_on_delete": false,
            "tags": {
              "environment": "caldera-test"
            },
            "tags_all": {
              "environment": "caldera-test"
            },
            "timeouts": null,
            "vpc_id": "vpc-025a0f01dcdee481d"
          },
          "sensitive_attributes": [],
          "private": "eyJlMmJmYjczMC1lY2FhLTExZTYtOGY4OC0zNDM2M2JjN2M0YzAiOnsiY3JlYXRlIjo2MDAwMDAwMDAwMDAsImRlbGV0ZSI6OTAwMDAwMDAwMDAwfSwic2NoZW1hX3ZlcnNpb24iOiIxIn0=",
          "dependencies": [
            "module.vpc.aws_vpc.this"
          ]
        }
      ]
    },
    {
      "module": "module.aws_rsa_key",
      "mode": "managed",
      "type": "aws_key_pair",
      "name": "worker",
      "provider": "provider[\"registry.terraform.io/hashicorp/aws\"]",
      "instances": [
        {
          "schema_version": 1,
          "attributes": {
            "arn": "arn:aws:ec2:us-east-1:763023262792:key-pair/caldera-nodes",
            "fingerprint": "a5:70:62:1f:23:e6:69:c3:04:dc:32:31:07:01:1d:c4",
            "id": "caldera-nodes",
            "key_name": "caldera-nodes",
            "key_name_prefix": "",
            "key_pair_id": "key-001518aac7f3c0f2d",
            "key_type": "rsa",
            "public_key": "ssh-rsa AAAAB3NzaC1yc2EAAAADAQABAAACAQDiiyGpPVDnitNmKNhWr5blDS+EqKwHA/kS2b3tSAmTqKoFgLs7EjkRkg/rsCbocBdut4UDX8WmSkm8vTREW3TLxeDhuVc7CzVqvxdX74vSzS37vYBPRw0W5Qm3nfDtR8VO4RVIx0YDVRh0/uYcJ+QTOmhQ6smwD4KU75DJRfBz7nQDH7SgwFKb8ku7/fxwT4eEVuhC9tbBAMbBC68o72uXE4tZ/ioUYpgeIYCItzV898JgTdpGTJ2wCyuB+H6NsiW8bX8fy9A680FTtaHxw4WEOYFm0NXNxniJkGksIe22bP+Qoyen07HIweJaPO+7ckffWzLbT/lAmXeAEWW9p0IWvLdFijVMomGEOMMn6Dzej7HB6tmag3zL2tDdinyHVXMb/yLlq6RuIrx/9bYoKuVXoYcAsEZda4d2n1dgV7xGUkIwE3BxNESvyZFUaEunjqDBljFJ8L8y+X5o/zNwXvQkyHwGGD0yTHWI4XOeLoMvHEKyayvQGyQMxxEkeTOgBxaALrD1jO9fYYgtb02tp4RP2hqJ/8/9H0VR4HQvPGTjNgifuwqOjGoZbCj7j+2pbOnCXQpF7vz3OJUp2QmavjNZ31TtsBkbbahTXyqY7nN7faiGfgTi31hUootY6tjjuYs4nREgX2p0MvhhATzXlIaBPJLuQ3RmBEAlicpZf5sBpQ==",
            "tags": {},
            "tags_all": {}
          },
          "sensitive_attributes": [],
          "private": "eyJzY2hlbWFfdmVyc2lvbiI6IjEifQ==",
          "dependencies": [
            "module.aws_rsa_key.tls_private_key.ssh_key",
            "module.vpc.aws_cloudwatch_log_group.flow_log",
            "module.vpc.aws_customer_gateway.this",
            "module.vpc.aws_db_subnet_group.database",
            "module.vpc.aws_default_network_acl.this",
            "module.vpc.aws_default_route_table.default",
            "module.vpc.aws_default_security_group.this",
            "module.vpc.aws_default_vpc.this",
            "module.vpc.aws_egress_only_internet_gateway.this",
            "module.vpc.aws_eip.nat",
            "module.vpc.aws_elasticache_subnet_group.elasticache",
            "module.vpc.aws_flow_log.this",
            "module.vpc.aws_iam_policy.vpc_flow_log_cloudwatch",
            "module.vpc.aws_iam_role.vpc_flow_log_cloudwatch",
            "module.vpc.aws_iam_role_policy_attachment.vpc_flow_log_cloudwatch",
            "module.vpc.aws_internet_gateway.this",
            "module.vpc.aws_nat_gateway.this",
            "module.vpc.aws_network_acl.database",
            "module.vpc.aws_network_acl.elasticache",
            "module.vpc.aws_network_acl.intra",
            "module.vpc.aws_network_acl.outpost",
            "module.vpc.aws_network_acl.private",
            "module.vpc.aws_network_acl.public",
            "module.vpc.aws_network_acl.redshift",
            "module.vpc.aws_network_acl_rule.database_inbound",
            "module.vpc.aws_network_acl_rule.database_outbound",
            "module.vpc.aws_network_acl_rule.elasticache_inbound",
            "module.vpc.aws_network_acl_rule.elasticache_outbound",
            "module.vpc.aws_network_acl_rule.intra_inbound",
            "module.vpc.aws_network_acl_rule.intra_outbound",
            "module.vpc.aws_network_acl_rule.outpost_inbound",
            "module.vpc.aws_network_acl_rule.outpost_outbound",
            "module.vpc.aws_network_acl_rule.private_inbound",
            "module.vpc.aws_network_acl_rule.private_outbound",
            "module.vpc.aws_network_acl_rule.public_inbound",
            "module.vpc.aws_network_acl_rule.public_outbound",
            "module.vpc.aws_network_acl_rule.redshift_inbound",
            "module.vpc.aws_network_acl_rule.redshift_outbound",
            "module.vpc.aws_redshift_subnet_group.redshift",
            "module.vpc.aws_route.database_internet_gateway",
            "module.vpc.aws_route.database_ipv6_egress",
            "module.vpc.aws_route.database_nat_gateway",
            "module.vpc.aws_route.private_ipv6_egress",
            "module.vpc.aws_route.private_nat_gateway",
            "module.vpc.aws_route.public_internet_gateway",
            "module.vpc.aws_route.public_internet_gateway_ipv6",
            "module.vpc.aws_route_table.database",
            "module.vpc.aws_route_table.elasticache",
            "module.vpc.aws_route_table.intra",
            "module.vpc.aws_route_table.private",
            "module.vpc.aws_route_table.public",
            "module.vpc.aws_route_table.redshift",
            "module.vpc.aws_route_table_association.database",
            "module.vpc.aws_route_table_association.elasticache",
            "module.vpc.aws_route_table_association.intra",
            "module.vpc.aws_route_table_association.outpost",
            "module.vpc.aws_route_table_association.private",
            "module.vpc.aws_route_table_association.public",
            "module.vpc.aws_route_table_association.redshift",
            "module.vpc.aws_route_table_association.redshift_public",
            "module.vpc.aws_subnet.database",
            "module.vpc.aws_subnet.elasticache",
            "module.vpc.aws_subnet.intra",
            "module.vpc.aws_subnet.outpost",
            "module.vpc.aws_subnet.private",
            "module.vpc.aws_subnet.public",
            "module.vpc.aws_subnet.redshift",
            "module.vpc.aws_vpc.this",
            "module.vpc.aws_vpc_dhcp_options.this",
            "module.vpc.aws_vpc_dhcp_options_association.this",
            "module.vpc.aws_vpc_ipv4_cidr_block_association.this",
            "module.vpc.aws_vpn_gateway.this",
            "module.vpc.aws_vpn_gateway_attachment.this",
            "module.vpc.aws_vpn_gateway_route_propagation.intra",
            "module.vpc.aws_vpn_gateway_route_propagation.private",
            "module.vpc.aws_vpn_gateway_route_propagation.public",
            "module.vpc.data.aws_iam_policy_document.flow_log_cloudwatch_assume_role",
            "module.vpc.data.aws_iam_policy_document.vpc_flow_log_cloudwatch"
          ]
        }
      ]
    },
    {
      "module": "module.aws_rsa_key",
      "mode": "managed",
      "type": "tls_private_key",
      "name": "ssh_key",
      "provider": "provider[\"registry.terraform.io/hashicorp/tls\"]",
      "instances": [
        {
          "schema_version": 0,
          "attributes": {
            "algorithm": "RSA",
            "ecdsa_curve": "P224",
            "id": "8023d85f7ff65cab33a7d2972defb293f72324b1",
            "private_key_openssh": "-----BEGIN OPENSSH PRIVATE KEY-----\nb3BlbnNzaC1rZXktdjEAAAAABG5vbmUAAAAEbm9uZQAAAAAAAAABAAACFwAAAAdz\nc2gtcnNhAAAAAwEAAQAAAgEA4oshqT1Q54rTZijYVq+W5Q0vhKisBwP5Etm97UgJ\nk6iqBYC7OxI5EZIP67Am6HAXbreFA1/FpkpJvL00RFt0y8Xg4blXOws1ar8XV++L\n0s0t+72AT0cNFuUJt53w7UfFTuEVSMdGA1UYdP7mHCfkEzpoUOrJsA+ClO+QyUXw\nc+50Ax+0oMBSm/JLu/38cE+HhFboQvbWwQDGwQuvKO9rlxOLWf4qFGKYHiGAiLc1\nfPfCYE3aRkydsAsrgfh+jbIlvG1/H8vQOvNBU7Wh8cOFhDmBZtDVzcZ4iZBpLCHt\ntmz/kKMnp9OxyMHiWjzvu3JH31sy20/5QJl3gBFlvadCFry3RYo1TKJhhDjDJ+g8\n3o+xwerZmoN8y9rQ3Yp8h1VzG/8i5aukbiK8f/W2KCrlV6GHALBGXWuHdp9XYFe8\nRlJCMBNwcTREr8mRVGhLp46gwZYxSfC/Mvl+aP8zcF70JMh8Bhg9Mkx1iOFzni6D\nLxxCsmsr0BskDMcRJHkzoAcWgC6w9YzvX2GILW9NraeET9oaif/P/R9FUeB0Lzxk\n4zYIn7sKjoxqGWwo+4/tqWzpwl0KRe789ziVKdkJmr4zWd9U7bAZG22oU18qmO5z\ne32ohn4E4t9YVKKLWOrY47mLOJ0RIF9qdDL4YQE815SGgTyS7kN0ZgRAJYnKWX+b\nAaUAAAc4qb/Duam/w7kAAAAHc3NoLXJzYQAAAgEA4oshqT1Q54rTZijYVq+W5Q0v\nhKisBwP5Etm97UgJk6iqBYC7OxI5EZIP67Am6HAXbreFA1/FpkpJvL00RFt0y8Xg\n4blXOws1ar8XV++L0s0t+72AT0cNFuUJt53w7UfFTuEVSMdGA1UYdP7mHCfkEzpo\nUOrJsA+ClO+QyUXwc+50Ax+0oMBSm/JLu/38cE+HhFboQvbWwQDGwQuvKO9rlxOL\nWf4qFGKYHiGAiLc1fPfCYE3aRkydsAsrgfh+jbIlvG1/H8vQOvNBU7Wh8cOFhDmB\nZtDVzcZ4iZBpLCHttmz/kKMnp9OxyMHiWjzvu3JH31sy20/5QJl3gBFlvadCFry3\nRYo1TKJhhDjDJ+g83o+xwerZmoN8y9rQ3Yp8h1VzG/8i5aukbiK8f/W2KCrlV6GH\nALBGXWuHdp9XYFe8RlJCMBNwcTREr8mRVGhLp46gwZYxSfC/Mvl+aP8zcF70JMh8\nBhg9Mkx1iOFzni6DLxxCsmsr0BskDMcRJHkzoAcWgC6w9YzvX2GILW9NraeET9oa\nif/P/R9FUeB0Lzxk4zYIn7sKjoxqGWwo+4/tqWzpwl0KRe789ziVKdkJmr4zWd9U\n7bAZG22oU18qmO5ze32ohn4E4t9YVKKLWOrY47mLOJ0RIF9qdDL4YQE815SGgTyS\n7kN0ZgRAJYnKWX+bAaUAAAADAQABAAACAQCFwEk2Z2ot2ivno/PecjrvrvJAK2mt\nlq3mcEIPJrnowOro5tEkFiU1d3wI1e6SyyM6jgVtMY07GZ8hXL/QIAL8EC8udcPH\nq111Ua8Rju+JnPQqLf7kT3mt67np+8jz/qzCXme3mVd/viz7XkczlmW06IYQSB6d\n4PpivnJIMw+9EqrR8VUul33uboZCTrlNAddrzffBGYU/XBr8fM6Ep55pCvP6RPJJ\nKNDQ8Uy26xwcVRcgzrYxTSjIeD/Os4zcUbKv5iHo/udI9re6GYGsgJiCsYTx1Bh3\nLleaOHWvxbRYQVA97+YI0xajBb2DM3kCvX0rpOeIzlXFyxXfueXMrER6lbxbeTYD\ncfP7rc2CnCd4xHDVBx99dkMPP524ZD8mjCzfu9bdCR6TAtGq9lw0jzZA4ygaVoPO\nuzT3Ao+4panjg7XM9mqMJZtDrUofm5Pt7B3RFULxj4ErmLKKIdIVK83QBYuHmBau\nvYjLTuVy/43ccxdC4t+/Q8VOm+DZRmLSbARSuuNHrtMRJKjDqhkWzZYd9VkkdKnI\ncyQsujGBtjVfWsr8rNkZfp3b+5/fdUcgtKLi4Kn+M+MOtkb+fTj55Xox6dQAWAPX\nLZcVksi9tAS0W/Vhj7+iUwNARuH7KthFUDpDQLIoqEV6PpjwYOV3uPDtEt4LQrQU\nn987jUnhFwpxYQAAAQBhig2/HeHwK1Y8lV1aqflVLzLhIes0aGSu/8C6PST4W8ia\n/WxGYkdYsh4o3A3gFpPxpK6ROWUT/6B22zjhVMGlADLqg+jVVRH9Cg4qpg+TAFH4\nqWiqKbLAI7Y1O5ynwZOHHT/8/Rm/Rg+ucijzTWGMT3DIdoSsAz7c+R4ADlzIHGLz\na2e7kxvm/E2O4LHyvvDjS15R9a3k5RXESnnMCbCJo1Mc0z4NPQ8zF/ht5Dt89x8y\nNC/0hjpRg1x6OBpbNnOf0oSaF455ZAyXSWcIP6WaRYeg0VqNK36saVQWqw/LZYDA\ndmBWtNBlaXrE6Cz+GBoX3gKwh4Uvup0bX58hTmYuAAABAQDzjqblPFjdZc1t2kwb\nAgltiYP+pzQLV9In0UXuHQmh8B7WHFN22YFG6Kivnr8KykQ8iNJ0fbk3I3i9aIXJ\nePAATx4RNO9Bi1uiay8/CH6mt5VTYX/2nqde6j6tCtgW1UL+ZPNSK9rlXlK+cyNi\nJ6TbTCG0VxWIOOEoUAFg+mAnmO7v+39fEj+pS0+Xo58ThEfOhZ8ivZx9vvVHBw+p\nVDLNUdTIR02xuVqHgOpU4n3dD7CzeXtFwKzRrLb5U0A2njpCmplU3kSWdj6C1ZC8\n7sEAfrXb7YQYmmCduhbY105sI/sMdytj3ghPLGo8kjEdhGWuVKPLW9aRr0VmvYzf\nxaO9AAABAQDuHfddGrC/bD6ZCswBI81YxRNO37NiU9I6rTviYBFnxf+LQkGslM3R\n0A7StfEJ9m9HAHW8tl2rXxZzmnMfU3CWye7eZVTWheY1SFGEnyXcthudOL4f384o\nKglG/uLwgl00kT2A6C05HHxRDwk2K8+VxyWyTtRd8hhTfFdLdW58Lup0yGgXtTO6\nlJu274cMOSv7NLuPI1+qXdalR+ofzCeqJwbQB3vYlYk0zlCeimEwCfkvel7KpvI4\nIi7fDeKMelattk/2johc+tC/eGRstENkqlMEd03tYHAp/EUCUquMnfrIB3Bxwkzc\nA8+xsvMQeRK5cjvURTX2xX3B5tb6rUAJAAAAAAEC\n-----END OPENSSH PRIVATE KEY-----\n",
            "private_key_pem": "-----BEGIN RSA PRIVATE KEY-----\nMIIJKQIBAAKCAgEA4oshqT1Q54rTZijYVq+W5Q0vhKisBwP5Etm97UgJk6iqBYC7\nOxI5EZIP67Am6HAXbreFA1/FpkpJvL00RFt0y8Xg4blXOws1ar8XV++L0s0t+72A\nT0cNFuUJt53w7UfFTuEVSMdGA1UYdP7mHCfkEzpoUOrJsA+ClO+QyUXwc+50Ax+0\noMBSm/JLu/38cE+HhFboQvbWwQDGwQuvKO9rlxOLWf4qFGKYHiGAiLc1fPfCYE3a\nRkydsAsrgfh+jbIlvG1/H8vQOvNBU7Wh8cOFhDmBZtDVzcZ4iZBpLCHttmz/kKMn\np9OxyMHiWjzvu3JH31sy20/5QJl3gBFlvadCFry3RYo1TKJhhDjDJ+g83o+xwerZ\nmoN8y9rQ3Yp8h1VzG/8i5aukbiK8f/W2KCrlV6GHALBGXWuHdp9XYFe8RlJCMBNw\ncTREr8mRVGhLp46gwZYxSfC/Mvl+aP8zcF70JMh8Bhg9Mkx1iOFzni6DLxxCsmsr\n0BskDMcRJHkzoAcWgC6w9YzvX2GILW9NraeET9oaif/P/R9FUeB0Lzxk4zYIn7sK\njoxqGWwo+4/tqWzpwl0KRe789ziVKdkJmr4zWd9U7bAZG22oU18qmO5ze32ohn4E\n4t9YVKKLWOrY47mLOJ0RIF9qdDL4YQE815SGgTyS7kN0ZgRAJYnKWX+bAaUCAwEA\nAQKCAgEAhcBJNmdqLdor56Pz3nI6767yQCtprZat5nBCDya56MDq6ObRJBYlNXd8\nCNXukssjOo4FbTGNOxmfIVy/0CAC/BAvLnXDx6tddVGvEY7viZz0Ki3+5E95reu5\n6fvI8/6swl5nt5lXf74s+15HM5ZltOiGEEgeneD6Yr5ySDMPvRKq0fFVLpd97m6G\nQk65TQHXa833wRmFP1wa/HzOhKeeaQrz+kTySSjQ0PFMtuscHFUXIM62MU0oyHg/\nzrOM3FGyr+Yh6P7nSPa3uhmBrICYgrGE8dQYdy5Xmjh1r8W0WEFQPe/mCNMWowW9\ngzN5Ar19K6TniM5VxcsV37nlzKxEepW8W3k2A3Hz+63NgpwneMRw1QcffXZDDz+d\nuGQ/Jows37vW3QkekwLRqvZcNI82QOMoGlaDzrs09wKPuKWp44O1zPZqjCWbQ61K\nH5uT7ewd0RVC8Y+BK5iyiiHSFSvN0AWLh5gWrr2Iy07lcv+N3HMXQuLfv0PFTpvg\n2UZi0mwEUrrjR67TESSow6oZFs2WHfVZJHSpyHMkLLoxgbY1X1rK/KzZGX6d2/uf\n33VHILSi4uCp/jPjDrZG/n04+eV6MenUAFgD1y2XFZLIvbQEtFv1YY+/olMDQEbh\n+yrYRVA6Q0CyKKhFej6Y8GDld7jw7RLeC0K0FJ/fO41J4RcKcWECggEBAPOOpuU8\nWN1lzW3aTBsCCW2Jg/6nNAtX0ifRRe4dCaHwHtYcU3bZgUboqK+evwrKRDyI0nR9\nuTcjeL1ohcl48ABPHhE070GLW6JrLz8Ifqa3lVNhf/aep17qPq0K2BbVQv5k81Ir\n2uVeUr5zI2InpNtMIbRXFYg44ShQAWD6YCeY7u/7f18SP6lLT5ejnxOER86FnyK9\nnH2+9UcHD6lUMs1R1MhHTbG5WoeA6lTifd0PsLN5e0XArNGstvlTQDaeOkKamVTe\nRJZ2PoLVkLzuwQB+tdvthBiaYJ26FtjXTmwj+wx3K2PeCE8sajySMR2EZa5Uo8tb\n1pGvRWa9jN/Fo70CggEBAO4d910asL9sPpkKzAEjzVjFE07fs2JT0jqtO+JgEWfF\n/4tCQayUzdHQDtK18Qn2b0cAdby2XatfFnOacx9TcJbJ7t5lVNaF5jVIUYSfJdy2\nG504vh/fzigqCUb+4vCCXTSRPYDoLTkcfFEPCTYrz5XHJbJO1F3yGFN8V0t1bnwu\n6nTIaBe1M7qUm7bvhww5K/s0u48jX6pd1qVH6h/MJ6onBtAHe9iViTTOUJ6KYTAJ\n+S96Xsqm8jgiLt8N4ox6Vq22T/aOiFz60L94ZGy0Q2SqUwR3Te1gcCn8RQJSq4yd\n+sgHcHHCTNwDz7Gy8xB5ErlyO9RFNfbFfcHm1vqtQAkCggEAcg7VA7dOGmiJWq+H\nQoKiraRfpwrgaYt4BGORrx/0Gd0cY8KiJ59WVkGwdYYPC1uLtxmQDTOvYC4BZhoj\nxSUYp9xlRUOX5AcCI760Qn2U6jhA+upHBdRopx9luJ3Ccnbux7m45TtaaF3SvBOp\nd1b/ch9mDVFW6RNSBhHpg2PdUc3h34rUrE4ceAinvmjGn1osUn/q9Vb8iTq7HMcm\nw3KF0/dFgYE61kbqKVjq5FOpA7RMWNBENXc0t4B9s6cUBD/3IqfJtJ/eWOQJBDZF\ncOUSh0vPmK3TVb4+Dr9N4cB6nlP/RmgsbrlVBNbU7Ya874jIIWrLxfk9M75z7thH\nt6eTtQKCAQEApmCJ1qQvm5EmrAi/QoyhjsUlGJd1395xpk4k6af2gWv3gnZpLQ1M\nQq39rX0zTqLCXfoUSieii3uFVIE2r0y9/p5aKUrkXIByuggt7VzGN9GGufRL5Dmc\n8rNsiA7QwvxT48cYElooPx+IPZsj9JXoFd9wl4Y9HOdr1+mplTAYYuzlJXRiRy51\nVok/xDLZSdEoyf2uj/VHguLOd+4nyM/9Zwad2/1eq5bQp/UAn8ZQ4iAV3PbEBRVh\naZd46KHrCfzxU69vb/dnkJAwC5kzkkDiVhQsrZIvAQ3BUZTTIyxgcYBxGhMYnmQF\nEDYZiTBgZcIzMyB+bXNuoV6c4D9LNxyXAQKCAQBhig2/HeHwK1Y8lV1aqflVLzLh\nIes0aGSu/8C6PST4W8ia/WxGYkdYsh4o3A3gFpPxpK6ROWUT/6B22zjhVMGlADLq\ng+jVVRH9Cg4qpg+TAFH4qWiqKbLAI7Y1O5ynwZOHHT/8/Rm/Rg+ucijzTWGMT3DI\ndoSsAz7c+R4ADlzIHGLza2e7kxvm/E2O4LHyvvDjS15R9a3k5RXESnnMCbCJo1Mc\n0z4NPQ8zF/ht5Dt89x8yNC/0hjpRg1x6OBpbNnOf0oSaF455ZAyXSWcIP6WaRYeg\n0VqNK36saVQWqw/LZYDAdmBWtNBlaXrE6Cz+GBoX3gKwh4Uvup0bX58hTmYu\n-----END RSA PRIVATE KEY-----\n",
            "public_key_fingerprint_md5": "cd:2b:bc:ae:0a:0e:d3:1a:0b:5d:58:dd:6b:15:51:1f",
            "public_key_fingerprint_sha256": "SHA256:tSpASg5qqgALyEbCi1wywP9xzzMCgkSmSv9ug1j5Ruk",
            "public_key_openssh": "ssh-rsa AAAAB3NzaC1yc2EAAAADAQABAAACAQDiiyGpPVDnitNmKNhWr5blDS+EqKwHA/kS2b3tSAmTqKoFgLs7EjkRkg/rsCbocBdut4UDX8WmSkm8vTREW3TLxeDhuVc7CzVqvxdX74vSzS37vYBPRw0W5Qm3nfDtR8VO4RVIx0YDVRh0/uYcJ+QTOmhQ6smwD4KU75DJRfBz7nQDH7SgwFKb8ku7/fxwT4eEVuhC9tbBAMbBC68o72uXE4tZ/ioUYpgeIYCItzV898JgTdpGTJ2wCyuB+H6NsiW8bX8fy9A680FTtaHxw4WEOYFm0NXNxniJkGksIe22bP+Qoyen07HIweJaPO+7ckffWzLbT/lAmXeAEWW9p0IWvLdFijVMomGEOMMn6Dzej7HB6tmag3zL2tDdinyHVXMb/yLlq6RuIrx/9bYoKuVXoYcAsEZda4d2n1dgV7xGUkIwE3BxNESvyZFUaEunjqDBljFJ8L8y+X5o/zNwXvQkyHwGGD0yTHWI4XOeLoMvHEKyayvQGyQMxxEkeTOgBxaALrD1jO9fYYgtb02tp4RP2hqJ/8/9H0VR4HQvPGTjNgifuwqOjGoZbCj7j+2pbOnCXQpF7vz3OJUp2QmavjNZ31TtsBkbbahTXyqY7nN7faiGfgTi31hUootY6tjjuYs4nREgX2p0MvhhATzXlIaBPJLuQ3RmBEAlicpZf5sBpQ==\n",
            "public_key_pem": "-----BEGIN PUBLIC KEY-----\nMIICIjANBgkqhkiG9w0BAQEFAAOCAg8AMIICCgKCAgEA4oshqT1Q54rTZijYVq+W\n5Q0vhKisBwP5Etm97UgJk6iqBYC7OxI5EZIP67Am6HAXbreFA1/FpkpJvL00RFt0\ny8Xg4blXOws1ar8XV++L0s0t+72AT0cNFuUJt53w7UfFTuEVSMdGA1UYdP7mHCfk\nEzpoUOrJsA+ClO+QyUXwc+50Ax+0oMBSm/JLu/38cE+HhFboQvbWwQDGwQuvKO9r\nlxOLWf4qFGKYHiGAiLc1fPfCYE3aRkydsAsrgfh+jbIlvG1/H8vQOvNBU7Wh8cOF\nhDmBZtDVzcZ4iZBpLCHttmz/kKMnp9OxyMHiWjzvu3JH31sy20/5QJl3gBFlvadC\nFry3RYo1TKJhhDjDJ+g83o+xwerZmoN8y9rQ3Yp8h1VzG/8i5aukbiK8f/W2KCrl\nV6GHALBGXWuHdp9XYFe8RlJCMBNwcTREr8mRVGhLp46gwZYxSfC/Mvl+aP8zcF70\nJMh8Bhg9Mkx1iOFzni6DLxxCsmsr0BskDMcRJHkzoAcWgC6w9YzvX2GILW9NraeE\nT9oaif/P/R9FUeB0Lzxk4zYIn7sKjoxqGWwo+4/tqWzpwl0KRe789ziVKdkJmr4z\nWd9U7bAZG22oU18qmO5ze32ohn4E4t9YVKKLWOrY47mLOJ0RIF9qdDL4YQE815SG\ngTyS7kN0ZgRAJYnKWX+bAaUCAwEAAQ==\n-----END PUBLIC KEY-----\n",
            "rsa_bits": 4096
          },
          "sensitive_attributes": [],
          "private": "bnVsbA==",
          "dependencies": [
            "module.vpc.aws_cloudwatch_log_group.flow_log",
            "module.vpc.aws_customer_gateway.this",
            "module.vpc.aws_db_subnet_group.database",
            "module.vpc.aws_default_network_acl.this",
            "module.vpc.aws_default_route_table.default",
            "module.vpc.aws_default_security_group.this",
            "module.vpc.aws_default_vpc.this",
            "module.vpc.aws_egress_only_internet_gateway.this",
            "module.vpc.aws_eip.nat",
            "module.vpc.aws_elasticache_subnet_group.elasticache",
            "module.vpc.aws_flow_log.this",
            "module.vpc.aws_iam_policy.vpc_flow_log_cloudwatch",
            "module.vpc.aws_iam_role.vpc_flow_log_cloudwatch",
            "module.vpc.aws_iam_role_policy_attachment.vpc_flow_log_cloudwatch",
            "module.vpc.aws_internet_gateway.this",
            "module.vpc.aws_nat_gateway.this",
            "module.vpc.aws_network_acl.database",
            "module.vpc.aws_network_acl.elasticache",
            "module.vpc.aws_network_acl.intra",
            "module.vpc.aws_network_acl.outpost",
            "module.vpc.aws_network_acl.private",
            "module.vpc.aws_network_acl.public",
            "module.vpc.aws_network_acl.redshift",
            "module.vpc.aws_network_acl_rule.database_inbound",
            "module.vpc.aws_network_acl_rule.database_outbound",
            "module.vpc.aws_network_acl_rule.elasticache_inbound",
            "module.vpc.aws_network_acl_rule.elasticache_outbound",
            "module.vpc.aws_network_acl_rule.intra_inbound",
            "module.vpc.aws_network_acl_rule.intra_outbound",
            "module.vpc.aws_network_acl_rule.outpost_inbound",
            "module.vpc.aws_network_acl_rule.outpost_outbound",
            "module.vpc.aws_network_acl_rule.private_inbound",
            "module.vpc.aws_network_acl_rule.private_outbound",
            "module.vpc.aws_network_acl_rule.public_inbound",
            "module.vpc.aws_network_acl_rule.public_outbound",
            "module.vpc.aws_network_acl_rule.redshift_inbound",
            "module.vpc.aws_network_acl_rule.redshift_outbound",
            "module.vpc.aws_redshift_subnet_group.redshift",
            "module.vpc.aws_route.database_internet_gateway",
            "module.vpc.aws_route.database_ipv6_egress",
            "module.vpc.aws_route.database_nat_gateway",
            "module.vpc.aws_route.private_ipv6_egress",
            "module.vpc.aws_route.private_nat_gateway",
            "module.vpc.aws_route.public_internet_gateway",
            "module.vpc.aws_route.public_internet_gateway_ipv6",
            "module.vpc.aws_route_table.database",
            "module.vpc.aws_route_table.elasticache",
            "module.vpc.aws_route_table.intra",
            "module.vpc.aws_route_table.private",
            "module.vpc.aws_route_table.public",
            "module.vpc.aws_route_table.redshift",
            "module.vpc.aws_route_table_association.database",
            "module.vpc.aws_route_table_association.elasticache",
            "module.vpc.aws_route_table_association.intra",
            "module.vpc.aws_route_table_association.outpost",
            "module.vpc.aws_route_table_association.private",
            "module.vpc.aws_route_table_association.public",
            "module.vpc.aws_route_table_association.redshift",
            "module.vpc.aws_route_table_association.redshift_public",
            "module.vpc.aws_subnet.database",
            "module.vpc.aws_subnet.elasticache",
            "module.vpc.aws_subnet.intra",
            "module.vpc.aws_subnet.outpost",
            "module.vpc.aws_subnet.private",
            "module.vpc.aws_subnet.public",
            "module.vpc.aws_subnet.redshift",
            "module.vpc.aws_vpc.this",
            "module.vpc.aws_vpc_dhcp_options.this",
            "module.vpc.aws_vpc_dhcp_options_association.this",
            "module.vpc.aws_vpc_ipv4_cidr_block_association.this",
            "module.vpc.aws_vpn_gateway.this",
            "module.vpc.aws_vpn_gateway_attachment.this",
            "module.vpc.aws_vpn_gateway_route_propagation.intra",
            "module.vpc.aws_vpn_gateway_route_propagation.private",
            "module.vpc.aws_vpn_gateway_route_propagation.public",
            "module.vpc.data.aws_iam_policy_document.flow_log_cloudwatch_assume_role",
            "module.vpc.data.aws_iam_policy_document.vpc_flow_log_cloudwatch"
          ]
        }
      ]
    },
    {
      "module": "module.vpc",
      "mode": "managed",
      "type": "aws_eip",
      "name": "nat",
      "provider": "provider[\"registry.terraform.io/hashicorp/aws\"]",
      "instances": [
        {
          "index_key": 0,
          "schema_version": 0,
          "attributes": {
            "address": null,
            "allocation_id": "eipalloc-0158d89078377e8bf",
            "associate_with_private_ip": null,
            "association_id": "eipassoc-0beab1833bb6204b5",
            "carrier_ip": "",
            "customer_owned_ip": "",
            "customer_owned_ipv4_pool": "",
            "domain": "vpc",
            "id": "eipalloc-0158d89078377e8bf",
            "instance": "",
            "network_border_group": "us-east-1",
            "network_interface": "eni-0a5ecf888b0eba264",
            "private_dns": "ip-172-23-7-50.ec2.internal",
            "private_ip": "172.23.7.50",
            "public_dns": "ec2-44-207-50-86.compute-1.amazonaws.com",
            "public_ip": "44.207.50.86",
            "public_ipv4_pool": "amazon",
            "tags": {
              "Name": "VPC-us-east-1a"
            },
            "tags_all": {
              "Name": "VPC-us-east-1a"
            },
            "timeouts": null,
            "vpc": true
          },
          "sensitive_attributes": [],
          "private": "eyJlMmJmYjczMC1lY2FhLTExZTYtOGY4OC0zNDM2M2JjN2M0YzAiOnsiZGVsZXRlIjoxODAwMDAwMDAwMDAsInJlYWQiOjkwMDAwMDAwMDAwMCwidXBkYXRlIjozMDAwMDAwMDAwMDB9fQ=="
        }
      ]
    },
    {
      "module": "module.vpc",
      "mode": "managed",
      "type": "aws_internet_gateway",
      "name": "this",
      "provider": "provider[\"registry.terraform.io/hashicorp/aws\"]",
      "instances": [
        {
          "index_key": 0,
          "schema_version": 0,
          "attributes": {
            "arn": "arn:aws:ec2:us-east-1:763023262792:internet-gateway/igw-0eb8b1e8aa215c06e",
            "id": "igw-0eb8b1e8aa215c06e",
            "owner_id": "763023262792",
            "tags": {
              "Name": "VPC"
            },
            "tags_all": {
              "Name": "VPC"
            },
            "vpc_id": "vpc-025a0f01dcdee481d"
          },
          "sensitive_attributes": [],
          "private": "bnVsbA==",
          "dependencies": [
            "module.vpc.aws_vpc.this",
            "module.vpc.aws_vpc_ipv4_cidr_block_association.this"
          ]
        }
      ]
    },
    {
      "module": "module.vpc",
      "mode": "managed",
      "type": "aws_nat_gateway",
      "name": "this",
      "provider": "provider[\"registry.terraform.io/hashicorp/aws\"]",
      "instances": [
        {
          "index_key": 0,
          "schema_version": 0,
          "attributes": {
            "allocation_id": "eipalloc-0158d89078377e8bf",
            "connectivity_type": "public",
            "id": "nat-082c1539c661bc1cf",
            "network_interface_id": "eni-0a5ecf888b0eba264",
            "private_ip": "172.23.7.50",
            "public_ip": "44.207.50.86",
            "subnet_id": "subnet-0a6856d4d5d508405",
            "tags": {
              "Name": "caldera-test_natgateway"
            },
            "tags_all": {
              "Name": "caldera-test_natgateway"
            }
          },
          "sensitive_attributes": [],
          "private": "bnVsbA==",
          "dependencies": [
            "module.vpc.aws_eip.nat",
            "module.vpc.aws_internet_gateway.this",
            "module.vpc.aws_subnet.public",
            "module.vpc.aws_vpc.this",
            "module.vpc.aws_vpc_ipv4_cidr_block_association.this"
          ]
        }
      ]
    },
    {
      "module": "module.vpc",
      "mode": "managed",
      "type": "aws_route",
      "name": "private_nat_gateway",
      "provider": "provider[\"registry.terraform.io/hashicorp/aws\"]",
      "instances": [
        {
          "index_key": 0,
          "schema_version": 0,
          "attributes": {
            "carrier_gateway_id": "",
            "core_network_arn": "",
            "destination_cidr_block": "0.0.0.0/0",
            "destination_ipv6_cidr_block": "",
            "destination_prefix_list_id": "",
            "egress_only_gateway_id": "",
            "gateway_id": "",
            "id": "r-rtb-09ae765517fe667821080289494",
            "instance_id": "",
            "instance_owner_id": "",
            "local_gateway_id": "",
            "nat_gateway_id": "nat-082c1539c661bc1cf",
            "network_interface_id": "",
            "origin": "CreateRoute",
            "route_table_id": "rtb-09ae765517fe66782",
            "state": "active",
            "timeouts": {
              "create": "5m",
              "delete": null,
              "update": null
            },
            "transit_gateway_id": "",
            "vpc_endpoint_id": "",
            "vpc_peering_connection_id": ""
          },
          "sensitive_attributes": [],
          "private": "eyJlMmJmYjczMC1lY2FhLTExZTYtOGY4OC0zNDM2M2JjN2M0YzAiOnsiY3JlYXRlIjozMDAwMDAwMDAwMDAsImRlbGV0ZSI6MzAwMDAwMDAwMDAwLCJ1cGRhdGUiOjEyMDAwMDAwMDAwMH19",
          "dependencies": [
            "module.vpc.aws_eip.nat",
            "module.vpc.aws_internet_gateway.this",
            "module.vpc.aws_nat_gateway.this",
            "module.vpc.aws_route_table.private",
            "module.vpc.aws_subnet.public",
            "module.vpc.aws_vpc.this",
            "module.vpc.aws_vpc_ipv4_cidr_block_association.this"
          ]
        }
      ]
    },
    {
      "module": "module.vpc",
      "mode": "managed",
      "type": "aws_route",
      "name": "public_internet_gateway",
      "provider": "provider[\"registry.terraform.io/hashicorp/aws\"]",
      "instances": [
        {
          "index_key": 0,
          "schema_version": 0,
          "attributes": {
            "carrier_gateway_id": "",
            "core_network_arn": "",
            "destination_cidr_block": "0.0.0.0/0",
            "destination_ipv6_cidr_block": "",
            "destination_prefix_list_id": "",
            "egress_only_gateway_id": "",
            "gateway_id": "igw-0eb8b1e8aa215c06e",
            "id": "r-rtb-04221d8de76646bb81080289494",
            "instance_id": "",
            "instance_owner_id": "",
            "local_gateway_id": "",
            "nat_gateway_id": "",
            "network_interface_id": "",
            "origin": "CreateRoute",
            "route_table_id": "rtb-04221d8de76646bb8",
            "state": "active",
            "timeouts": {
              "create": "5m",
              "delete": null,
              "update": null
            },
            "transit_gateway_id": "",
            "vpc_endpoint_id": "",
            "vpc_peering_connection_id": ""
          },
          "sensitive_attributes": [],
          "private": "eyJlMmJmYjczMC1lY2FhLTExZTYtOGY4OC0zNDM2M2JjN2M0YzAiOnsiY3JlYXRlIjozMDAwMDAwMDAwMDAsImRlbGV0ZSI6MzAwMDAwMDAwMDAwLCJ1cGRhdGUiOjEyMDAwMDAwMDAwMH19",
          "dependencies": [
            "module.vpc.aws_internet_gateway.this",
            "module.vpc.aws_route_table.public",
            "module.vpc.aws_vpc.this",
            "module.vpc.aws_vpc_ipv4_cidr_block_association.this"
          ]
        }
      ]
    },
    {
      "module": "module.vpc",
      "mode": "managed",
      "type": "aws_route_table",
      "name": "private",
      "provider": "provider[\"registry.terraform.io/hashicorp/aws\"]",
      "instances": [
        {
          "index_key": 0,
          "schema_version": 0,
          "attributes": {
            "arn": "arn:aws:ec2:us-east-1:763023262792:route-table/rtb-09ae765517fe66782",
            "id": "rtb-09ae765517fe66782",
            "owner_id": "763023262792",
            "propagating_vgws": [],
            "route": [
              {
                "carrier_gateway_id": "",
                "cidr_block": "0.0.0.0/0",
                "core_network_arn": "",
                "destination_prefix_list_id": "",
                "egress_only_gateway_id": "",
                "gateway_id": "",
                "instance_id": "",
                "ipv6_cidr_block": "",
                "local_gateway_id": "",
                "nat_gateway_id": "nat-082c1539c661bc1cf",
                "network_interface_id": "",
                "transit_gateway_id": "",
                "vpc_endpoint_id": "",
                "vpc_peering_connection_id": ""
              }
            ],
            "tags": {
              "Name": "VPC-private"
            },
            "tags_all": {
              "Name": "VPC-private"
            },
            "timeouts": null,
            "vpc_id": "vpc-025a0f01dcdee481d"
          },
          "sensitive_attributes": [],
          "private": "eyJlMmJmYjczMC1lY2FhLTExZTYtOGY4OC0zNDM2M2JjN2M0YzAiOnsiY3JlYXRlIjozMDAwMDAwMDAwMDAsImRlbGV0ZSI6MzAwMDAwMDAwMDAwLCJ1cGRhdGUiOjEyMDAwMDAwMDAwMH19",
          "dependencies": [
            "module.vpc.aws_vpc.this",
            "module.vpc.aws_vpc_ipv4_cidr_block_association.this"
          ]
        }
      ]
    },
    {
      "module": "module.vpc",
      "mode": "managed",
      "type": "aws_route_table",
      "name": "public",
      "provider": "provider[\"registry.terraform.io/hashicorp/aws\"]",
      "instances": [
        {
          "index_key": 0,
          "schema_version": 0,
          "attributes": {
            "arn": "arn:aws:ec2:us-east-1:763023262792:route-table/rtb-04221d8de76646bb8",
            "id": "rtb-04221d8de76646bb8",
            "owner_id": "763023262792",
            "propagating_vgws": [],
            "route": [
              {
                "carrier_gateway_id": "",
                "cidr_block": "0.0.0.0/0",
                "core_network_arn": "",
                "destination_prefix_list_id": "",
                "egress_only_gateway_id": "",
                "gateway_id": "igw-0eb8b1e8aa215c06e",
                "instance_id": "",
                "ipv6_cidr_block": "",
                "local_gateway_id": "",
                "nat_gateway_id": "",
                "network_interface_id": "",
                "transit_gateway_id": "",
                "vpc_endpoint_id": "",
                "vpc_peering_connection_id": ""
              }
            ],
            "tags": {
              "Name": "VPC-public"
            },
            "tags_all": {
              "Name": "VPC-public"
            },
            "timeouts": null,
            "vpc_id": "vpc-025a0f01dcdee481d"
          },
          "sensitive_attributes": [],
          "private": "eyJlMmJmYjczMC1lY2FhLTExZTYtOGY4OC0zNDM2M2JjN2M0YzAiOnsiY3JlYXRlIjozMDAwMDAwMDAwMDAsImRlbGV0ZSI6MzAwMDAwMDAwMDAwLCJ1cGRhdGUiOjEyMDAwMDAwMDAwMH19",
          "dependencies": [
            "module.vpc.aws_vpc.this",
            "module.vpc.aws_vpc_ipv4_cidr_block_association.this"
          ]
        }
      ]
    },
    {
      "module": "module.vpc",
      "mode": "managed",
      "type": "aws_route_table_association",
      "name": "private",
      "provider": "provider[\"registry.terraform.io/hashicorp/aws\"]",
      "instances": [
        {
          "index_key": 0,
          "schema_version": 0,
          "attributes": {
            "gateway_id": "",
            "id": "rtbassoc-0277570ae4c299836",
            "route_table_id": "rtb-09ae765517fe66782",
            "subnet_id": "subnet-0f576729c304dda16"
          },
          "sensitive_attributes": [],
          "private": "bnVsbA==",
          "dependencies": [
            "module.vpc.aws_route_table.private",
            "module.vpc.aws_subnet.private",
            "module.vpc.aws_vpc.this",
            "module.vpc.aws_vpc_ipv4_cidr_block_association.this"
          ]
        },
        {
          "index_key": 1,
          "schema_version": 0,
          "attributes": {
            "gateway_id": "",
            "id": "rtbassoc-0c0c52540b6f3894e",
            "route_table_id": "rtb-09ae765517fe66782",
            "subnet_id": "subnet-03900a9903b52a176"
          },
          "sensitive_attributes": [],
          "private": "bnVsbA==",
          "dependencies": [
            "module.vpc.aws_route_table.private",
            "module.vpc.aws_subnet.private",
            "module.vpc.aws_vpc.this",
            "module.vpc.aws_vpc_ipv4_cidr_block_association.this"
          ]
        },
        {
          "index_key": 2,
          "schema_version": 0,
          "attributes": {
            "gateway_id": "",
            "id": "rtbassoc-0334792c5b4d1eff5",
            "route_table_id": "rtb-09ae765517fe66782",
            "subnet_id": "subnet-0404f26a45eab7bad"
          },
          "sensitive_attributes": [],
          "private": "bnVsbA==",
          "dependencies": [
            "module.vpc.aws_route_table.private",
            "module.vpc.aws_subnet.private",
            "module.vpc.aws_vpc.this",
            "module.vpc.aws_vpc_ipv4_cidr_block_association.this"
          ]
        },
        {
          "index_key": 3,
          "schema_version": 0,
          "attributes": {
            "gateway_id": "",
            "id": "rtbassoc-08b6f2e29845b4e63",
            "route_table_id": "rtb-09ae765517fe66782",
            "subnet_id": "subnet-0bfb96a2249f9f7ea"
          },
          "sensitive_attributes": [],
          "private": "bnVsbA==",
          "dependencies": [
            "module.vpc.aws_route_table.private",
            "module.vpc.aws_subnet.private",
            "module.vpc.aws_vpc.this",
            "module.vpc.aws_vpc_ipv4_cidr_block_association.this"
          ]
        },
        {
          "index_key": 4,
          "schema_version": 0,
          "attributes": {
            "gateway_id": "",
            "id": "rtbassoc-016e7af1a4d91c386",
            "route_table_id": "rtb-09ae765517fe66782",
            "subnet_id": "subnet-06b185f1fe4b79688"
          },
          "sensitive_attributes": [],
          "private": "bnVsbA==",
          "dependencies": [
            "module.vpc.aws_route_table.private",
            "module.vpc.aws_subnet.private",
            "module.vpc.aws_vpc.this",
            "module.vpc.aws_vpc_ipv4_cidr_block_association.this"
          ]
        }
      ]
    },
    {
      "module": "module.vpc",
      "mode": "managed",
      "type": "aws_route_table_association",
      "name": "public",
      "provider": "provider[\"registry.terraform.io/hashicorp/aws\"]",
      "instances": [
        {
          "index_key": 0,
          "schema_version": 0,
          "attributes": {
            "gateway_id": "",
            "id": "rtbassoc-02ccf2c1aa3c4621e",
            "route_table_id": "rtb-04221d8de76646bb8",
            "subnet_id": "subnet-0a6856d4d5d508405"
          },
          "sensitive_attributes": [],
          "private": "bnVsbA==",
          "dependencies": [
            "module.vpc.aws_route_table.public",
            "module.vpc.aws_subnet.public",
            "module.vpc.aws_vpc.this",
            "module.vpc.aws_vpc_ipv4_cidr_block_association.this"
          ]
        },
        {
          "index_key": 1,
          "schema_version": 0,
          "attributes": {
            "gateway_id": "",
            "id": "rtbassoc-0fa3c16a22afd7639",
            "route_table_id": "rtb-04221d8de76646bb8",
            "subnet_id": "subnet-0a984ecaff5fd59b9"
          },
          "sensitive_attributes": [],
          "private": "bnVsbA==",
          "dependencies": [
            "module.vpc.aws_route_table.public",
            "module.vpc.aws_subnet.public",
            "module.vpc.aws_vpc.this",
            "module.vpc.aws_vpc_ipv4_cidr_block_association.this"
          ]
        },
        {
          "index_key": 2,
          "schema_version": 0,
          "attributes": {
            "gateway_id": "",
            "id": "rtbassoc-04428abfd7e37b647",
            "route_table_id": "rtb-04221d8de76646bb8",
            "subnet_id": "subnet-03b4819bbe3a480d1"
          },
          "sensitive_attributes": [],
          "private": "bnVsbA==",
          "dependencies": [
            "module.vpc.aws_route_table.public",
            "module.vpc.aws_subnet.public",
            "module.vpc.aws_vpc.this",
            "module.vpc.aws_vpc_ipv4_cidr_block_association.this"
          ]
        },
        {
          "index_key": 3,
          "schema_version": 0,
          "attributes": {
            "gateway_id": "",
            "id": "rtbassoc-0a732595d883f8def",
            "route_table_id": "rtb-04221d8de76646bb8",
            "subnet_id": "subnet-00c04cea79fe4e611"
          },
          "sensitive_attributes": [],
          "private": "bnVsbA==",
          "dependencies": [
            "module.vpc.aws_route_table.public",
            "module.vpc.aws_subnet.public",
            "module.vpc.aws_vpc.this",
            "module.vpc.aws_vpc_ipv4_cidr_block_association.this"
          ]
        },
        {
          "index_key": 4,
          "schema_version": 0,
          "attributes": {
            "gateway_id": "",
            "id": "rtbassoc-044c79f325c87bec0",
            "route_table_id": "rtb-04221d8de76646bb8",
            "subnet_id": "subnet-0bd42024a045346d2"
          },
          "sensitive_attributes": [],
          "private": "bnVsbA==",
          "dependencies": [
            "module.vpc.aws_route_table.public",
            "module.vpc.aws_subnet.public",
            "module.vpc.aws_vpc.this",
            "module.vpc.aws_vpc_ipv4_cidr_block_association.this"
          ]
        }
      ]
    },
    {
      "module": "module.vpc",
      "mode": "managed",
      "type": "aws_subnet",
      "name": "private",
      "provider": "provider[\"registry.terraform.io/hashicorp/aws\"]",
      "instances": [
        {
          "index_key": 0,
          "schema_version": 1,
          "attributes": {
            "arn": "arn:aws:ec2:us-east-1:763023262792:subnet/subnet-0f576729c304dda16",
            "assign_ipv6_address_on_creation": false,
            "availability_zone": "us-east-1a",
            "availability_zone_id": "use1-az6",
            "cidr_block": "172.23.0.0/22",
            "customer_owned_ipv4_pool": "",
            "enable_dns64": false,
            "enable_resource_name_dns_a_record_on_launch": false,
            "enable_resource_name_dns_aaaa_record_on_launch": false,
            "id": "subnet-0f576729c304dda16",
            "ipv6_cidr_block": "",
            "ipv6_cidr_block_association_id": "",
            "ipv6_native": false,
            "map_customer_owned_ip_on_launch": false,
            "map_public_ip_on_launch": false,
            "outpost_arn": "",
            "owner_id": "763023262792",
            "private_dns_hostname_type_on_launch": "ip-name",
            "tags": {
              "Name": "caldera-test_private"
            },
            "tags_all": {
              "Name": "caldera-test_private"
            },
            "timeouts": null,
            "vpc_id": "vpc-025a0f01dcdee481d"
          },
          "sensitive_attributes": [],
          "private": "eyJlMmJmYjczMC1lY2FhLTExZTYtOGY4OC0zNDM2M2JjN2M0YzAiOnsiY3JlYXRlIjo2MDAwMDAwMDAwMDAsImRlbGV0ZSI6MTIwMDAwMDAwMDAwMH0sInNjaGVtYV92ZXJzaW9uIjoiMSJ9",
          "dependencies": [
            "module.vpc.aws_vpc.this",
            "module.vpc.aws_vpc_ipv4_cidr_block_association.this"
          ]
        },
        {
          "index_key": 1,
          "schema_version": 1,
          "attributes": {
            "arn": "arn:aws:ec2:us-east-1:763023262792:subnet/subnet-03900a9903b52a176",
            "assign_ipv6_address_on_creation": false,
            "availability_zone": "us-east-1b",
            "availability_zone_id": "use1-az1",
            "cidr_block": "172.23.32.0/22",
            "customer_owned_ipv4_pool": "",
            "enable_dns64": false,
            "enable_resource_name_dns_a_record_on_launch": false,
            "enable_resource_name_dns_aaaa_record_on_launch": false,
            "id": "subnet-03900a9903b52a176",
            "ipv6_cidr_block": "",
            "ipv6_cidr_block_association_id": "",
            "ipv6_native": false,
            "map_customer_owned_ip_on_launch": false,
            "map_public_ip_on_launch": false,
            "outpost_arn": "",
            "owner_id": "763023262792",
            "private_dns_hostname_type_on_launch": "ip-name",
            "tags": {
              "Name": "caldera-test_private"
            },
            "tags_all": {
              "Name": "caldera-test_private"
            },
            "timeouts": null,
            "vpc_id": "vpc-025a0f01dcdee481d"
          },
          "sensitive_attributes": [],
          "private": "eyJlMmJmYjczMC1lY2FhLTExZTYtOGY4OC0zNDM2M2JjN2M0YzAiOnsiY3JlYXRlIjo2MDAwMDAwMDAwMDAsImRlbGV0ZSI6MTIwMDAwMDAwMDAwMH0sInNjaGVtYV92ZXJzaW9uIjoiMSJ9",
          "dependencies": [
            "module.vpc.aws_vpc.this",
            "module.vpc.aws_vpc_ipv4_cidr_block_association.this"
          ]
        },
        {
          "index_key": 2,
          "schema_version": 1,
          "attributes": {
            "arn": "arn:aws:ec2:us-east-1:763023262792:subnet/subnet-0404f26a45eab7bad",
            "assign_ipv6_address_on_creation": false,
            "availability_zone": "us-east-1c",
            "availability_zone_id": "use1-az2",
            "cidr_block": "172.23.64.0/22",
            "customer_owned_ipv4_pool": "",
            "enable_dns64": false,
            "enable_resource_name_dns_a_record_on_launch": false,
            "enable_resource_name_dns_aaaa_record_on_launch": false,
            "id": "subnet-0404f26a45eab7bad",
            "ipv6_cidr_block": "",
            "ipv6_cidr_block_association_id": "",
            "ipv6_native": false,
            "map_customer_owned_ip_on_launch": false,
            "map_public_ip_on_launch": false,
            "outpost_arn": "",
            "owner_id": "763023262792",
            "private_dns_hostname_type_on_launch": "ip-name",
            "tags": {
              "Name": "caldera-test_private"
            },
            "tags_all": {
              "Name": "caldera-test_private"
            },
            "timeouts": null,
            "vpc_id": "vpc-025a0f01dcdee481d"
          },
          "sensitive_attributes": [],
          "private": "eyJlMmJmYjczMC1lY2FhLTExZTYtOGY4OC0zNDM2M2JjN2M0YzAiOnsiY3JlYXRlIjo2MDAwMDAwMDAwMDAsImRlbGV0ZSI6MTIwMDAwMDAwMDAwMH0sInNjaGVtYV92ZXJzaW9uIjoiMSJ9",
          "dependencies": [
            "module.vpc.aws_vpc.this",
            "module.vpc.aws_vpc_ipv4_cidr_block_association.this"
          ]
        },
        {
          "index_key": 3,
          "schema_version": 1,
          "attributes": {
            "arn": "arn:aws:ec2:us-east-1:763023262792:subnet/subnet-0bfb96a2249f9f7ea",
            "assign_ipv6_address_on_creation": false,
            "availability_zone": "us-east-1d",
            "availability_zone_id": "use1-az4",
            "cidr_block": "172.23.96.0/22",
            "customer_owned_ipv4_pool": "",
            "enable_dns64": false,
            "enable_resource_name_dns_a_record_on_launch": false,
            "enable_resource_name_dns_aaaa_record_on_launch": false,
            "id": "subnet-0bfb96a2249f9f7ea",
            "ipv6_cidr_block": "",
            "ipv6_cidr_block_association_id": "",
            "ipv6_native": false,
            "map_customer_owned_ip_on_launch": false,
            "map_public_ip_on_launch": false,
            "outpost_arn": "",
            "owner_id": "763023262792",
            "private_dns_hostname_type_on_launch": "ip-name",
            "tags": {
              "Name": "caldera-test_private"
            },
            "tags_all": {
              "Name": "caldera-test_private"
            },
            "timeouts": null,
            "vpc_id": "vpc-025a0f01dcdee481d"
          },
          "sensitive_attributes": [],
          "private": "eyJlMmJmYjczMC1lY2FhLTExZTYtOGY4OC0zNDM2M2JjN2M0YzAiOnsiY3JlYXRlIjo2MDAwMDAwMDAwMDAsImRlbGV0ZSI6MTIwMDAwMDAwMDAwMH0sInNjaGVtYV92ZXJzaW9uIjoiMSJ9",
          "dependencies": [
            "module.vpc.aws_vpc.this",
            "module.vpc.aws_vpc_ipv4_cidr_block_association.this"
          ]
        },
        {
          "index_key": 4,
          "schema_version": 1,
          "attributes": {
            "arn": "arn:aws:ec2:us-east-1:763023262792:subnet/subnet-06b185f1fe4b79688",
            "assign_ipv6_address_on_creation": false,
            "availability_zone": "us-east-1f",
            "availability_zone_id": "use1-az5",
            "cidr_block": "172.23.160.0/22",
            "customer_owned_ipv4_pool": "",
            "enable_dns64": false,
            "enable_resource_name_dns_a_record_on_launch": false,
            "enable_resource_name_dns_aaaa_record_on_launch": false,
            "id": "subnet-06b185f1fe4b79688",
            "ipv6_cidr_block": "",
            "ipv6_cidr_block_association_id": "",
            "ipv6_native": false,
            "map_customer_owned_ip_on_launch": false,
            "map_public_ip_on_launch": false,
            "outpost_arn": "",
            "owner_id": "763023262792",
            "private_dns_hostname_type_on_launch": "ip-name",
            "tags": {
              "Name": "caldera-test_private"
            },
            "tags_all": {
              "Name": "caldera-test_private"
            },
            "timeouts": null,
            "vpc_id": "vpc-025a0f01dcdee481d"
          },
          "sensitive_attributes": [],
          "private": "eyJlMmJmYjczMC1lY2FhLTExZTYtOGY4OC0zNDM2M2JjN2M0YzAiOnsiY3JlYXRlIjo2MDAwMDAwMDAwMDAsImRlbGV0ZSI6MTIwMDAwMDAwMDAwMH0sInNjaGVtYV92ZXJzaW9uIjoiMSJ9",
          "dependencies": [
            "module.vpc.aws_vpc.this",
            "module.vpc.aws_vpc_ipv4_cidr_block_association.this"
          ]
        }
      ]
    },
    {
      "module": "module.vpc",
      "mode": "managed",
      "type": "aws_subnet",
      "name": "public",
      "provider": "provider[\"registry.terraform.io/hashicorp/aws\"]",
      "instances": [
        {
          "index_key": 0,
          "schema_version": 1,
          "attributes": {
            "arn": "arn:aws:ec2:us-east-1:763023262792:subnet/subnet-0a6856d4d5d508405",
            "assign_ipv6_address_on_creation": false,
            "availability_zone": "us-east-1a",
            "availability_zone_id": "use1-az6",
            "cidr_block": "172.23.4.0/22",
            "customer_owned_ipv4_pool": "",
            "enable_dns64": false,
            "enable_resource_name_dns_a_record_on_launch": false,
            "enable_resource_name_dns_aaaa_record_on_launch": false,
            "id": "subnet-0a6856d4d5d508405",
            "ipv6_cidr_block": "",
            "ipv6_cidr_block_association_id": "",
            "ipv6_native": false,
            "map_customer_owned_ip_on_launch": false,
            "map_public_ip_on_launch": true,
            "outpost_arn": "",
            "owner_id": "763023262792",
            "private_dns_hostname_type_on_launch": "ip-name",
            "tags": {
              "Name": "caldera-test_public"
            },
            "tags_all": {
              "Name": "caldera-test_public"
            },
            "timeouts": null,
            "vpc_id": "vpc-025a0f01dcdee481d"
          },
          "sensitive_attributes": [],
          "private": "eyJlMmJmYjczMC1lY2FhLTExZTYtOGY4OC0zNDM2M2JjN2M0YzAiOnsiY3JlYXRlIjo2MDAwMDAwMDAwMDAsImRlbGV0ZSI6MTIwMDAwMDAwMDAwMH0sInNjaGVtYV92ZXJzaW9uIjoiMSJ9",
          "dependencies": [
            "module.vpc.aws_vpc.this",
            "module.vpc.aws_vpc_ipv4_cidr_block_association.this"
          ]
        },
        {
          "index_key": 1,
          "schema_version": 1,
          "attributes": {
            "arn": "arn:aws:ec2:us-east-1:763023262792:subnet/subnet-0a984ecaff5fd59b9",
            "assign_ipv6_address_on_creation": false,
            "availability_zone": "us-east-1b",
            "availability_zone_id": "use1-az1",
            "cidr_block": "172.23.36.0/22",
            "customer_owned_ipv4_pool": "",
            "enable_dns64": false,
            "enable_resource_name_dns_a_record_on_launch": false,
            "enable_resource_name_dns_aaaa_record_on_launch": false,
            "id": "subnet-0a984ecaff5fd59b9",
            "ipv6_cidr_block": "",
            "ipv6_cidr_block_association_id": "",
            "ipv6_native": false,
            "map_customer_owned_ip_on_launch": false,
            "map_public_ip_on_launch": true,
            "outpost_arn": "",
            "owner_id": "763023262792",
            "private_dns_hostname_type_on_launch": "ip-name",
            "tags": {
              "Name": "caldera-test_public"
            },
            "tags_all": {
              "Name": "caldera-test_public"
            },
            "timeouts": null,
            "vpc_id": "vpc-025a0f01dcdee481d"
          },
          "sensitive_attributes": [],
          "private": "eyJlMmJmYjczMC1lY2FhLTExZTYtOGY4OC0zNDM2M2JjN2M0YzAiOnsiY3JlYXRlIjo2MDAwMDAwMDAwMDAsImRlbGV0ZSI6MTIwMDAwMDAwMDAwMH0sInNjaGVtYV92ZXJzaW9uIjoiMSJ9",
          "dependencies": [
            "module.vpc.aws_vpc.this",
            "module.vpc.aws_vpc_ipv4_cidr_block_association.this"
          ]
        },
        {
          "index_key": 2,
          "schema_version": 1,
          "attributes": {
            "arn": "arn:aws:ec2:us-east-1:763023262792:subnet/subnet-03b4819bbe3a480d1",
            "assign_ipv6_address_on_creation": false,
            "availability_zone": "us-east-1c",
            "availability_zone_id": "use1-az2",
            "cidr_block": "172.23.68.0/22",
            "customer_owned_ipv4_pool": "",
            "enable_dns64": false,
            "enable_resource_name_dns_a_record_on_launch": false,
            "enable_resource_name_dns_aaaa_record_on_launch": false,
            "id": "subnet-03b4819bbe3a480d1",
            "ipv6_cidr_block": "",
            "ipv6_cidr_block_association_id": "",
            "ipv6_native": false,
            "map_customer_owned_ip_on_launch": false,
            "map_public_ip_on_launch": true,
            "outpost_arn": "",
            "owner_id": "763023262792",
            "private_dns_hostname_type_on_launch": "ip-name",
            "tags": {
              "Name": "caldera-test_public"
            },
            "tags_all": {
              "Name": "caldera-test_public"
            },
            "timeouts": null,
            "vpc_id": "vpc-025a0f01dcdee481d"
          },
          "sensitive_attributes": [],
          "private": "eyJlMmJmYjczMC1lY2FhLTExZTYtOGY4OC0zNDM2M2JjN2M0YzAiOnsiY3JlYXRlIjo2MDAwMDAwMDAwMDAsImRlbGV0ZSI6MTIwMDAwMDAwMDAwMH0sInNjaGVtYV92ZXJzaW9uIjoiMSJ9",
          "dependencies": [
            "module.vpc.aws_vpc.this",
            "module.vpc.aws_vpc_ipv4_cidr_block_association.this"
          ]
        },
        {
          "index_key": 3,
          "schema_version": 1,
          "attributes": {
            "arn": "arn:aws:ec2:us-east-1:763023262792:subnet/subnet-00c04cea79fe4e611",
            "assign_ipv6_address_on_creation": false,
            "availability_zone": "us-east-1d",
            "availability_zone_id": "use1-az4",
            "cidr_block": "172.23.100.0/22",
            "customer_owned_ipv4_pool": "",
            "enable_dns64": false,
            "enable_resource_name_dns_a_record_on_launch": false,
            "enable_resource_name_dns_aaaa_record_on_launch": false,
            "id": "subnet-00c04cea79fe4e611",
            "ipv6_cidr_block": "",
            "ipv6_cidr_block_association_id": "",
            "ipv6_native": false,
            "map_customer_owned_ip_on_launch": false,
            "map_public_ip_on_launch": true,
            "outpost_arn": "",
            "owner_id": "763023262792",
            "private_dns_hostname_type_on_launch": "ip-name",
            "tags": {
              "Name": "caldera-test_public"
            },
            "tags_all": {
              "Name": "caldera-test_public"
            },
            "timeouts": null,
            "vpc_id": "vpc-025a0f01dcdee481d"
          },
          "sensitive_attributes": [],
          "private": "eyJlMmJmYjczMC1lY2FhLTExZTYtOGY4OC0zNDM2M2JjN2M0YzAiOnsiY3JlYXRlIjo2MDAwMDAwMDAwMDAsImRlbGV0ZSI6MTIwMDAwMDAwMDAwMH0sInNjaGVtYV92ZXJzaW9uIjoiMSJ9",
          "dependencies": [
            "module.vpc.aws_vpc.this",
            "module.vpc.aws_vpc_ipv4_cidr_block_association.this"
          ]
        },
        {
          "index_key": 4,
          "schema_version": 1,
          "attributes": {
            "arn": "arn:aws:ec2:us-east-1:763023262792:subnet/subnet-0bd42024a045346d2",
            "assign_ipv6_address_on_creation": false,
            "availability_zone": "us-east-1f",
            "availability_zone_id": "use1-az5",
            "cidr_block": "172.23.164.0/22",
            "customer_owned_ipv4_pool": "",
            "enable_dns64": false,
            "enable_resource_name_dns_a_record_on_launch": false,
            "enable_resource_name_dns_aaaa_record_on_launch": false,
            "id": "subnet-0bd42024a045346d2",
            "ipv6_cidr_block": "",
            "ipv6_cidr_block_association_id": "",
            "ipv6_native": false,
            "map_customer_owned_ip_on_launch": false,
            "map_public_ip_on_launch": true,
            "outpost_arn": "",
            "owner_id": "763023262792",
            "private_dns_hostname_type_on_launch": "ip-name",
            "tags": {
              "Name": "caldera-test_public"
            },
            "tags_all": {
              "Name": "caldera-test_public"
            },
            "timeouts": null,
            "vpc_id": "vpc-025a0f01dcdee481d"
          },
          "sensitive_attributes": [],
          "private": "eyJlMmJmYjczMC1lY2FhLTExZTYtOGY4OC0zNDM2M2JjN2M0YzAiOnsiY3JlYXRlIjo2MDAwMDAwMDAwMDAsImRlbGV0ZSI6MTIwMDAwMDAwMDAwMH0sInNjaGVtYV92ZXJzaW9uIjoiMSJ9",
          "dependencies": [
            "module.vpc.aws_vpc.this",
            "module.vpc.aws_vpc_ipv4_cidr_block_association.this"
          ]
        }
      ]
    },
    {
      "module": "module.vpc",
      "mode": "managed",
      "type": "aws_vpc",
      "name": "this",
      "provider": "provider[\"registry.terraform.io/hashicorp/aws\"]",
      "instances": [
        {
          "index_key": 0,
          "schema_version": 1,
          "attributes": {
            "arn": "arn:aws:ec2:us-east-1:763023262792:vpc/vpc-025a0f01dcdee481d",
            "assign_generated_ipv6_cidr_block": false,
            "cidr_block": "172.23.0.0/16",
            "default_network_acl_id": "acl-03716ed37f8b63c53",
            "default_route_table_id": "rtb-0a1245f9f66b1c243",
            "default_security_group_id": "sg-07a3a0c30b88031e1",
            "dhcp_options_id": "dopt-0262a287fed02b5e7",
            "enable_classiclink": false,
            "enable_classiclink_dns_support": false,
            "enable_dns_hostnames": true,
            "enable_dns_support": true,
            "id": "vpc-025a0f01dcdee481d",
            "instance_tenancy": "default",
            "ipv4_ipam_pool_id": null,
            "ipv4_netmask_length": null,
            "ipv6_association_id": "",
            "ipv6_cidr_block": "",
            "ipv6_cidr_block_network_border_group": "",
            "ipv6_ipam_pool_id": "",
            "ipv6_netmask_length": 0,
            "main_route_table_id": "rtb-0a1245f9f66b1c243",
            "owner_id": "763023262792",
            "tags": {
              "Name": "VPC"
            },
            "tags_all": {
              "Name": "VPC"
            }
          },
          "sensitive_attributes": [],
          "private": "eyJzY2hlbWFfdmVyc2lvbiI6IjEifQ=="
        }
      ]
    }
  ]
}
