{
  "version": 4,
  "terraform_version": "1.2.4",
  "serial": 34,
  "lineage": "a8d707a7-9abe-c5ec-e9a9-c5dc5da6e053",
  "outputs": {
    "caldera_server_ip": {
      "value": "54.198.134.250",
      "type": "string"
    },
    "rsa_private_key": {
      "value": "-----BEGIN RSA PRIVATE KEY-----\nMIIJJwIBAAKCAgEAt9fr0p40LXAwta7wACttoc+hcONPwHSzCscclEqYtPY9tGGp\nLhyQx7AT42khcldY+et0xuSgqPRRgm86sGgBreU6X2P3dxHwORL3B+Ue+67gDmVv\nPxhYkMXFTWDfwJnRVRWYrLab16Gc2bwzT99hLHaMtNIwJMD/zhtdPimTIGXA9ip5\nLC/Ri7cwLiSKdEFwpv14CuFiRbc3dlzn1YS0lX6Owa73TTXqtaQlsQfOPn869yle\nsDnat2FP2mbc9HFCCv6LA3Ij4chEstzi+xgbO8oIOEaAkTXPRpL8uiZp2wuUAA+7\np7L/GPrWqhyLvhjCpaieleTR/M/Msp6MXu+q7RMT7jow2Ga1LEdMSUxYjwbSMZu8\nBV/feu5dVKrFpm+8llNbi/U5bs89vSgLOqF64cJgpOFz3vLLcCgfwHdcl8uw01uA\nFqkXZicV6zKZZaGT5j6oPWFkidJQPhP6gdzZ2jGTlmRoc6uuFZcA/PzSTwbkgObY\ntJWkhhCsTePwBPYnZkKDakulZccyN0ZCFi3pwq0allgVdZ48tCL7NKVCEbGLaita\nzvd6Ufg3CzQQgW5SB5Zz297IP4FG9pzEpJFmZcIkSm7Pe1sWZmvCqre+Uiygi1h6\nugzrK5EWXTRLCgq3cdwDvhsSquM/afmU7pc3g1rGNmkWwwcmC7tEM6HfxIMCAwEA\nAQKCAgBryVSiL883tMdaPi7Iaq3kaO+mWB+yHrm6X/MJnpLZxmV3FKs0NdtMuJdw\nhXrupverz7ivw+vOIzCG4N/v/Yq+gd8vflTgosvNKqlbH6KCvYzv49jNjWCfwNRl\nAZ8uNQDeecMBwC6uxjpIDmenNLiscPUeLv27Dszr8m9Auu9f10jDCzPwDDk3STge\nVZ43ewapYYK4HlyXs0v5QY9LSHr4CzN3qzWjNzFdPdg7avApBD92GfNCLylkytEe\no6B4UM7/0y1937XZ8qkUlR0fSortCw62r99BQ+M65YL3QP5fRvKG9rJ3KCMYajjh\nk8r6sVmt9qbEC1xydQL21q5GGw6C4TO6b2yaRPkslhmZ3eAHmBi6Gjykx0eNAF1O\n6GRRr8rI7+SjwVg87hYvCejPqsPJJfqNSES4oPv37UzJhVa1J2TLzuT/mPvwZyfE\nh80OhSZt7+fSb64WNpxawS4zrQ9Kg5a6AdiS4h+xu52ubKakty0bjs+zWsQmHrT4\nKEtXaSEfGEjMsr8twmNG5p4YbIf8H2hqt2m40ZCPOu+8XVDCNLtb3lneQ3TxuWhE\nt+3v5/l5PCQzCnlZEBKjSsqezIh9C6muFQUO7Ta4pNyE3YI2ZL31f93uYJn1xJwE\n9DbZKlYhBkkwbmFsM0WnI6EayMalDJG7tPxC6TFGdUuflkF3AQKCAQEA8AmJowhB\n7L1Ril0bND1NHrzmFXLxIohytuuKqO/7innV/OtF4lMxnPxI8DRBj9LTNQDWyhS7\np7wy0cReb+cv00aPWV4b0ahkuEg3smZaSTf3lMIK82Au7yE9g9zd5QXEPprJVsiF\na6Ofsz0AWceMhszhSAWVklIta5I5kEqeTpOCtba8qH0T4fCwKwn74SRYICCJNrbJ\n4LxMu6ZcLOwpB1OTZvltDFnGp6UizHJnhMw6dEL89HZ1uM0RsClk5Ug3hfIHoJ0a\n2kV1R3RxDBfCxROa5eOITbo3kFUgXJEmZC/UVQXzMzCgPAoy2a7vI4dbBdXOcAp9\n6n+2GuwYxmWvkwKCAQEAxBG5Xqq8M81q0BTBvRxXHoAX9rQcsCw0IuiZhPwHnDW9\nwuuV7kFyZqD8nLzYbO+4JCKl8AXatr+MzJkqXqfq/pW8tVJwiprPGNRW0J5ZM6fd\nPuM/+KWaBEQL7qnkz/5bAbpLy/7F7/eRDPhrpTGNloT6GQUaJW/eWwws+DaXm4dB\nWUJU3oIFPVqfnJkrIAy6L1oHzS3z/kB97R8SDcE0eWlZxGU+HmFgNLvrtUINnSJx\nJ1Ml63Z9BYiHgaWvV23M4bOOIIY+siJmDuXaMliOZhUbGiScaPMVKkN+FJHFlNa+\nVKlSE9fYF+zRXcczdc+DL9my0IpFm8uzOw9sqQxNUQKCAQBmTtpgJ5vZqJOBks+O\ng3ZEXKUAjV4jpt6mAly2RpsC2Y0QYMMHhQgHbiw0XUF4aJZm5/WkahPVmUxbxgOu\nVG448cEViRv4T3qmZPmAS0m+HWGkANSkCOHYQGW0t0XIYJ3VRSn9mDftue7OeXiV\ny4ykw9xdUyv+EpKTX96zFmrE+PBkPP/KHI2F5o1fusClpFT/VH7HWD9RT1CxRmXR\nK9MM8V1JLZSCCB24xJTBaR2gJ1/ev9KK65afbqBUYkBDzXUE3TTNC0kvsR0cmI+6\nZMI6N3H0+/bTkkQue2nwqlkfqJcqqf+PWPFixcIIsBvzG7T7FrcHYCFs+oQGk4y3\nuw2LAoIBAH8ZzkTkASTDoN5K1ly1JnSLLP2sPHyn6xRGHF7s0jIdVGorNgJBQtvs\nuFUSxmm37HLgUxmJcgLNoYRwNdsul1N51d7lFjeDq4S5AZ4zSDgINZAy2KFjGLhz\nNBj+4WlDxdMU5VXUTpQEtG7oC0AHI3XTthzKBe0G2+nBttUg7p7PyzkFmuay+pqP\nSLDHSgF4vqk7f5sukuDbBcbVQWrROCcMeDisONyQ20DUITRbIWAfl6KacBZ3tQwF\nOXJ96XCPqSUWtKe43qOzUN2Peybv6T+bpvoHia0vByViozTKWn7lxnQzXxWl8ltw\nFTjpjR5t6uj2AsjVGdKo9gLvOM1NQEECggEAX9PtWysleS5FrB8sjg523GNFXRzr\nGyVi/CkLC+QhD8wvYnz2wIBih4pRWKf1EZS9oKKZ6lEY2seTDwgoeGMiKZSAGqr5\nyxmMyyGXAp219m9GKa7gVgLw4/dnjsovHumL+zQU1Zv3VCm1sZvugUTICZiRjleG\nOPnzBS9P83GuOIcEdqESbbNlWHrBdXDHKqdOeldS6xxfr1ukeqXdvGV5gOOF/G9m\nxUgD5A+ZK1+rvRF4Jdy6bWfxeX83lcOENMDAlDEZKrFtfN5L53Eza8HGULJVknze\nKR1aFXWnw57spsq8uXeGF5p2ycUB3AD/VLFjpgheqvuOquETBVCVVyP/Fw==\n-----END RSA PRIVATE KEY-----\n",
      "type": "string"
    }
  },
  "resources": [
    {
      "mode": "managed",
      "type": "aws_instance",
      "name": "caldera_server",
      "provider": "provider[\"registry.terraform.io/hashicorp/aws\"]",
      "instances": [
        {
          "schema_version": 1,
          "attributes": {
            "ami": "ami-09d56f8956ab235b3",
            "arn": "arn:aws:ec2:us-east-1:493674448688:instance/i-052f2b315ac93fb9e",
            "associate_public_ip_address": true,
            "availability_zone": "us-east-1a",
            "capacity_reservation_specification": [
              {
                "capacity_reservation_preference": "open",
                "capacity_reservation_target": []
              }
            ],
            "cpu_core_count": 1,
            "cpu_threads_per_core": 2,
            "credit_specification": [
              {
                "cpu_credits": "unlimited"
              }
            ],
            "disable_api_stop": false,
            "disable_api_termination": false,
            "ebs_block_device": [],
            "ebs_optimized": false,
            "enclave_options": [
              {
                "enabled": false
              }
            ],
            "ephemeral_block_device": [],
            "get_password_data": false,
            "hibernation": false,
            "host_id": null,
            "iam_instance_profile": "",
            "id": "i-052f2b315ac93fb9e",
            "instance_initiated_shutdown_behavior": "stop",
            "instance_state": "running",
            "instance_type": "t3.medium",
            "ipv6_address_count": 0,
            "ipv6_addresses": [],
            "key_name": "caldera-nodes",
            "launch_template": [],
            "maintenance_options": [
              {
                "auto_recovery": "default"
              }
            ],
            "metadata_options": [
              {
                "http_endpoint": "enabled",
                "http_put_response_hop_limit": 1,
                "http_tokens": "optional",
                "instance_metadata_tags": "disabled"
              }
            ],
            "monitoring": false,
            "network_interface": [],
            "outpost_arn": "",
            "password_data": "",
            "placement_group": "",
            "placement_partition_number": null,
            "primary_network_interface_id": "eni-0594273e50bce2122",
            "private_dns": "ip-172-23-6-95.ec2.internal",
            "private_dns_name_options": [
              {
                "enable_resource_name_dns_a_record": false,
                "enable_resource_name_dns_aaaa_record": false,
                "hostname_type": "ip-name"
              }
            ],
            "private_ip": "172.23.6.95",
            "public_dns": "ec2-54-198-134-250.compute-1.amazonaws.com",
            "public_ip": "54.198.134.250",
            "root_block_device": [
              {
                "delete_on_termination": true,
                "device_name": "/dev/sda1",
                "encrypted": false,
                "iops": 100,
                "kms_key_id": "",
                "tags": {},
                "throughput": 0,
                "volume_id": "vol-03cd87708ef86d272",
                "volume_size": 8,
                "volume_type": "gp2"
              }
            ],
            "secondary_private_ips": [],
            "security_groups": [],
            "source_dest_check": true,
            "subnet_id": "subnet-0f1846ef875551687",
            "tags": {
              "Name": "caldera_server",
              "environment": "caldera-test"
            },
            "tags_all": {
              "Name": "caldera_server",
              "environment": "caldera-test"
            },
            "tenancy": "default",
            "timeouts": null,
            "user_data": "40871111b73dea6b5d322930f8e792b4e96fbfa4",
            "user_data_base64": null,
            "user_data_replace_on_change": false,
            "volume_tags": null,
            "vpc_security_group_ids": [
              "sg-0d7509f63105d6f98"
            ]
          },
          "sensitive_attributes": [],
          "private": "eyJlMmJmYjczMC1lY2FhLTExZTYtOGY4OC0zNDM2M2JjN2M0YzAiOnsiY3JlYXRlIjo2MDAwMDAwMDAwMDAsImRlbGV0ZSI6MTIwMDAwMDAwMDAwMCwidXBkYXRlIjo2MDAwMDAwMDAwMDB9LCJzY2hlbWFfdmVyc2lvbiI6IjEifQ==",
          "dependencies": [
            "aws_security_group.sg_caldera_server",
            "module.aws_rsa_key.aws_key_pair.worker",
            "module.aws_rsa_key.local_file.ssh_local",
            "module.aws_rsa_key.tls_private_key.ssh_key",
            "module.vpc.aws_cloudwatch_log_group.flow_log",
            "module.vpc.aws_customer_gateway.this",
            "module.vpc.aws_db_subnet_group.database",
            "module.vpc.aws_default_network_acl.this",
            "module.vpc.aws_default_route_table.default",
            "module.vpc.aws_default_security_group.this",
            "module.vpc.aws_default_vpc.this",
            "module.vpc.aws_egress_only_internet_gateway.this",
            "module.vpc.aws_eip.nat",
            "module.vpc.aws_elasticache_subnet_group.elasticache",
            "module.vpc.aws_flow_log.this",
            "module.vpc.aws_iam_policy.vpc_flow_log_cloudwatch",
            "module.vpc.aws_iam_role.vpc_flow_log_cloudwatch",
            "module.vpc.aws_iam_role_policy_attachment.vpc_flow_log_cloudwatch",
            "module.vpc.aws_internet_gateway.this",
            "module.vpc.aws_nat_gateway.this",
            "module.vpc.aws_network_acl.database",
            "module.vpc.aws_network_acl.elasticache",
            "module.vpc.aws_network_acl.intra",
            "module.vpc.aws_network_acl.outpost",
            "module.vpc.aws_network_acl.private",
            "module.vpc.aws_network_acl.public",
            "module.vpc.aws_network_acl.redshift",
            "module.vpc.aws_network_acl_rule.database_inbound",
            "module.vpc.aws_network_acl_rule.database_outbound",
            "module.vpc.aws_network_acl_rule.elasticache_inbound",
            "module.vpc.aws_network_acl_rule.elasticache_outbound",
            "module.vpc.aws_network_acl_rule.intra_inbound",
            "module.vpc.aws_network_acl_rule.intra_outbound",
            "module.vpc.aws_network_acl_rule.outpost_inbound",
            "module.vpc.aws_network_acl_rule.outpost_outbound",
            "module.vpc.aws_network_acl_rule.private_inbound",
            "module.vpc.aws_network_acl_rule.private_outbound",
            "module.vpc.aws_network_acl_rule.public_inbound",
            "module.vpc.aws_network_acl_rule.public_outbound",
            "module.vpc.aws_network_acl_rule.redshift_inbound",
            "module.vpc.aws_network_acl_rule.redshift_outbound",
            "module.vpc.aws_redshift_subnet_group.redshift",
            "module.vpc.aws_route.database_internet_gateway",
            "module.vpc.aws_route.database_ipv6_egress",
            "module.vpc.aws_route.database_nat_gateway",
            "module.vpc.aws_route.private_ipv6_egress",
            "module.vpc.aws_route.private_nat_gateway",
            "module.vpc.aws_route.public_internet_gateway",
            "module.vpc.aws_route.public_internet_gateway_ipv6",
            "module.vpc.aws_route_table.database",
            "module.vpc.aws_route_table.elasticache",
            "module.vpc.aws_route_table.intra",
            "module.vpc.aws_route_table.private",
            "module.vpc.aws_route_table.public",
            "module.vpc.aws_route_table.redshift",
            "module.vpc.aws_route_table_association.database",
            "module.vpc.aws_route_table_association.elasticache",
            "module.vpc.aws_route_table_association.intra",
            "module.vpc.aws_route_table_association.outpost",
            "module.vpc.aws_route_table_association.private",
            "module.vpc.aws_route_table_association.public",
            "module.vpc.aws_route_table_association.redshift",
            "module.vpc.aws_route_table_association.redshift_public",
            "module.vpc.aws_subnet.database",
            "module.vpc.aws_subnet.elasticache",
            "module.vpc.aws_subnet.intra",
            "module.vpc.aws_subnet.outpost",
            "module.vpc.aws_subnet.private",
            "module.vpc.aws_subnet.public",
            "module.vpc.aws_subnet.redshift",
            "module.vpc.aws_vpc.this",
            "module.vpc.aws_vpc_dhcp_options.this",
            "module.vpc.aws_vpc_dhcp_options_association.this",
            "module.vpc.aws_vpc_ipv4_cidr_block_association.this",
            "module.vpc.aws_vpn_gateway.this",
            "module.vpc.aws_vpn_gateway_attachment.this",
            "module.vpc.aws_vpn_gateway_route_propagation.intra",
            "module.vpc.aws_vpn_gateway_route_propagation.private",
            "module.vpc.aws_vpn_gateway_route_propagation.public",
            "module.vpc.data.aws_iam_policy_document.flow_log_cloudwatch_assume_role",
            "module.vpc.data.aws_iam_policy_document.vpc_flow_log_cloudwatch"
          ]
        }
      ]
    },
    {
      "mode": "managed",
      "type": "aws_security_group",
      "name": "sg_caldera_server",
      "provider": "provider[\"registry.terraform.io/hashicorp/aws\"]",
      "instances": [
        {
          "schema_version": 1,
          "attributes": {
            "arn": "arn:aws:ec2:us-east-1:493674448688:security-group/sg-0d7509f63105d6f98",
            "description": "Allow ports for caldera server",
            "egress": [
              {
                "cidr_blocks": [
                  "0.0.0.0/0"
                ],
                "description": "",
                "from_port": 0,
                "ipv6_cidr_blocks": [],
                "prefix_list_ids": [],
                "protocol": "-1",
                "security_groups": [],
                "self": false,
                "to_port": 0
              }
            ],
            "id": "sg-0d7509f63105d6f98",
            "ingress": [
              {
                "cidr_blocks": [
                  "0.0.0.0/0"
                ],
                "description": "Caldera server port",
                "from_port": 2288,
                "ipv6_cidr_blocks": [],
                "prefix_list_ids": [],
                "protocol": "tcp",
                "security_groups": [],
                "self": false,
                "to_port": 2288
              },
              {
                "cidr_blocks": [
                  "0.0.0.0/0"
                ],
                "description": "SSH from VPC",
                "from_port": 22,
                "ipv6_cidr_blocks": [],
                "prefix_list_ids": [],
                "protocol": "tcp",
                "security_groups": [],
                "self": false,
                "to_port": 22
              }
            ],
            "name": "sg_caldera_linux",
            "name_prefix": "",
            "owner_id": "493674448688",
            "revoke_rules_on_delete": false,
            "tags": {
              "environment": "caldera-test"
            },
            "tags_all": {
              "environment": "caldera-test"
            },
            "timeouts": null,
            "vpc_id": "vpc-0f5589764b6f4b4e7"
          },
          "sensitive_attributes": [],
          "private": "eyJlMmJmYjczMC1lY2FhLTExZTYtOGY4OC0zNDM2M2JjN2M0YzAiOnsiY3JlYXRlIjo2MDAwMDAwMDAwMDAsImRlbGV0ZSI6OTAwMDAwMDAwMDAwfSwic2NoZW1hX3ZlcnNpb24iOiIxIn0=",
          "dependencies": [
            "module.vpc.aws_vpc.this"
          ]
        }
      ]
    },
    {
      "module": "module.aws_rsa_key",
      "mode": "managed",
      "type": "aws_key_pair",
      "name": "worker",
      "provider": "provider[\"registry.terraform.io/hashicorp/aws\"]",
      "instances": [
        {
          "schema_version": 1,
          "attributes": {
            "arn": "arn:aws:ec2:us-east-1:493674448688:key-pair/caldera-nodes",
            "fingerprint": "c8:a9:24:4c:2f:ce:27:15:3e:4f:e8:3f:bb:8f:b3:29",
            "id": "caldera-nodes",
            "key_name": "caldera-nodes",
            "key_name_prefix": "",
            "key_pair_id": "key-0cb8acf855b4a6f4d",
            "key_type": "rsa",
            "public_key": "ssh-rsa AAAAB3NzaC1yc2EAAAADAQABAAACAQC31+vSnjQtcDC1rvAAK22hz6Fw40/AdLMKxxyUSpi09j20YakuHJDHsBPjaSFyV1j563TG5KCo9FGCbzqwaAGt5TpfY/d3EfA5EvcH5R77ruAOZW8/GFiQxcVNYN/AmdFVFZistpvXoZzZvDNP32Esdoy00jAkwP/OG10+KZMgZcD2KnksL9GLtzAuJIp0QXCm/XgK4WJFtzd2XOfVhLSVfo7BrvdNNeq1pCWxB84+fzr3KV6wOdq3YU/aZtz0cUIK/osDciPhyESy3OL7GBs7ygg4RoCRNc9Gkvy6JmnbC5QAD7unsv8Y+taqHIu+GMKlqJ6V5NH8z8yynoxe76rtExPuOjDYZrUsR0xJTFiPBtIxm7wFX9967l1UqsWmb7yWU1uL9Tluzz29KAs6oXrhwmCk4XPe8stwKB/Ad1yXy7DTW4AWqRdmJxXrMplloZPmPqg9YWSJ0lA+E/qB3NnaMZOWZGhzq64VlwD8/NJPBuSA5ti0laSGEKxN4/AE9idmQoNqS6VlxzI3RkIWLenCrRqWWBV1njy0Ivs0pUIRsYtqK1rO93pR+DcLNBCBblIHlnPb3sg/gUb2nMSkkWZlwiRKbs97WxZma8Kqt75SLKCLWHq6DOsrkRZdNEsKCrdx3AO+GxKq4z9p+ZTulzeDWsY2aRbDByYLu0Qzod/Egw==",
            "tags": {},
            "tags_all": {}
          },
          "sensitive_attributes": [],
          "private": "eyJzY2hlbWFfdmVyc2lvbiI6IjEifQ==",
          "dependencies": [
            "module.aws_rsa_key.tls_private_key.ssh_key",
            "module.vpc.aws_cloudwatch_log_group.flow_log",
            "module.vpc.aws_customer_gateway.this",
            "module.vpc.aws_db_subnet_group.database",
            "module.vpc.aws_default_network_acl.this",
            "module.vpc.aws_default_route_table.default",
            "module.vpc.aws_default_security_group.this",
            "module.vpc.aws_default_vpc.this",
            "module.vpc.aws_egress_only_internet_gateway.this",
            "module.vpc.aws_eip.nat",
            "module.vpc.aws_elasticache_subnet_group.elasticache",
            "module.vpc.aws_flow_log.this",
            "module.vpc.aws_iam_policy.vpc_flow_log_cloudwatch",
            "module.vpc.aws_iam_role.vpc_flow_log_cloudwatch",
            "module.vpc.aws_iam_role_policy_attachment.vpc_flow_log_cloudwatch",
            "module.vpc.aws_internet_gateway.this",
            "module.vpc.aws_nat_gateway.this",
            "module.vpc.aws_network_acl.database",
            "module.vpc.aws_network_acl.elasticache",
            "module.vpc.aws_network_acl.intra",
            "module.vpc.aws_network_acl.outpost",
            "module.vpc.aws_network_acl.private",
            "module.vpc.aws_network_acl.public",
            "module.vpc.aws_network_acl.redshift",
            "module.vpc.aws_network_acl_rule.database_inbound",
            "module.vpc.aws_network_acl_rule.database_outbound",
            "module.vpc.aws_network_acl_rule.elasticache_inbound",
            "module.vpc.aws_network_acl_rule.elasticache_outbound",
            "module.vpc.aws_network_acl_rule.intra_inbound",
            "module.vpc.aws_network_acl_rule.intra_outbound",
            "module.vpc.aws_network_acl_rule.outpost_inbound",
            "module.vpc.aws_network_acl_rule.outpost_outbound",
            "module.vpc.aws_network_acl_rule.private_inbound",
            "module.vpc.aws_network_acl_rule.private_outbound",
            "module.vpc.aws_network_acl_rule.public_inbound",
            "module.vpc.aws_network_acl_rule.public_outbound",
            "module.vpc.aws_network_acl_rule.redshift_inbound",
            "module.vpc.aws_network_acl_rule.redshift_outbound",
            "module.vpc.aws_redshift_subnet_group.redshift",
            "module.vpc.aws_route.database_internet_gateway",
            "module.vpc.aws_route.database_ipv6_egress",
            "module.vpc.aws_route.database_nat_gateway",
            "module.vpc.aws_route.private_ipv6_egress",
            "module.vpc.aws_route.private_nat_gateway",
            "module.vpc.aws_route.public_internet_gateway",
            "module.vpc.aws_route.public_internet_gateway_ipv6",
            "module.vpc.aws_route_table.database",
            "module.vpc.aws_route_table.elasticache",
            "module.vpc.aws_route_table.intra",
            "module.vpc.aws_route_table.private",
            "module.vpc.aws_route_table.public",
            "module.vpc.aws_route_table.redshift",
            "module.vpc.aws_route_table_association.database",
            "module.vpc.aws_route_table_association.elasticache",
            "module.vpc.aws_route_table_association.intra",
            "module.vpc.aws_route_table_association.outpost",
            "module.vpc.aws_route_table_association.private",
            "module.vpc.aws_route_table_association.public",
            "module.vpc.aws_route_table_association.redshift",
            "module.vpc.aws_route_table_association.redshift_public",
            "module.vpc.aws_subnet.database",
            "module.vpc.aws_subnet.elasticache",
            "module.vpc.aws_subnet.intra",
            "module.vpc.aws_subnet.outpost",
            "module.vpc.aws_subnet.private",
            "module.vpc.aws_subnet.public",
            "module.vpc.aws_subnet.redshift",
            "module.vpc.aws_vpc.this",
            "module.vpc.aws_vpc_dhcp_options.this",
            "module.vpc.aws_vpc_dhcp_options_association.this",
            "module.vpc.aws_vpc_ipv4_cidr_block_association.this",
            "module.vpc.aws_vpn_gateway.this",
            "module.vpc.aws_vpn_gateway_attachment.this",
            "module.vpc.aws_vpn_gateway_route_propagation.intra",
            "module.vpc.aws_vpn_gateway_route_propagation.private",
            "module.vpc.aws_vpn_gateway_route_propagation.public",
            "module.vpc.data.aws_iam_policy_document.flow_log_cloudwatch_assume_role",
            "module.vpc.data.aws_iam_policy_document.vpc_flow_log_cloudwatch"
          ]
        }
      ]
    },
    {
      "module": "module.aws_rsa_key",
      "mode": "managed",
      "type": "tls_private_key",
      "name": "ssh_key",
      "provider": "provider[\"registry.terraform.io/hashicorp/tls\"]",
      "instances": [
        {
          "schema_version": 0,
          "attributes": {
            "algorithm": "RSA",
            "ecdsa_curve": "P224",
            "id": "ad93cb63ba3f52ed5aff3ba8996a5663a36f5b96",
            "private_key_openssh": "-----BEGIN OPENSSH PRIVATE KEY-----\nb3BlbnNzaC1rZXktdjEAAAAABG5vbmUAAAAEbm9uZQAAAAAAAAABAAACFwAAAAdz\nc2gtcnNhAAAAAwEAAQAAAgEAt9fr0p40LXAwta7wACttoc+hcONPwHSzCscclEqY\ntPY9tGGpLhyQx7AT42khcldY+et0xuSgqPRRgm86sGgBreU6X2P3dxHwORL3B+Ue\n+67gDmVvPxhYkMXFTWDfwJnRVRWYrLab16Gc2bwzT99hLHaMtNIwJMD/zhtdPimT\nIGXA9ip5LC/Ri7cwLiSKdEFwpv14CuFiRbc3dlzn1YS0lX6Owa73TTXqtaQlsQfO\nPn869ylesDnat2FP2mbc9HFCCv6LA3Ij4chEstzi+xgbO8oIOEaAkTXPRpL8uiZp\n2wuUAA+7p7L/GPrWqhyLvhjCpaieleTR/M/Msp6MXu+q7RMT7jow2Ga1LEdMSUxY\njwbSMZu8BV/feu5dVKrFpm+8llNbi/U5bs89vSgLOqF64cJgpOFz3vLLcCgfwHdc\nl8uw01uAFqkXZicV6zKZZaGT5j6oPWFkidJQPhP6gdzZ2jGTlmRoc6uuFZcA/PzS\nTwbkgObYtJWkhhCsTePwBPYnZkKDakulZccyN0ZCFi3pwq0allgVdZ48tCL7NKVC\nEbGLaitazvd6Ufg3CzQQgW5SB5Zz297IP4FG9pzEpJFmZcIkSm7Pe1sWZmvCqre+\nUiygi1h6ugzrK5EWXTRLCgq3cdwDvhsSquM/afmU7pc3g1rGNmkWwwcmC7tEM6Hf\nxIMAAAc4nwu4Q58LuEMAAAAHc3NoLXJzYQAAAgEAt9fr0p40LXAwta7wACttoc+h\ncONPwHSzCscclEqYtPY9tGGpLhyQx7AT42khcldY+et0xuSgqPRRgm86sGgBreU6\nX2P3dxHwORL3B+Ue+67gDmVvPxhYkMXFTWDfwJnRVRWYrLab16Gc2bwzT99hLHaM\ntNIwJMD/zhtdPimTIGXA9ip5LC/Ri7cwLiSKdEFwpv14CuFiRbc3dlzn1YS0lX6O\nwa73TTXqtaQlsQfOPn869ylesDnat2FP2mbc9HFCCv6LA3Ij4chEstzi+xgbO8oI\nOEaAkTXPRpL8uiZp2wuUAA+7p7L/GPrWqhyLvhjCpaieleTR/M/Msp6MXu+q7RMT\n7jow2Ga1LEdMSUxYjwbSMZu8BV/feu5dVKrFpm+8llNbi/U5bs89vSgLOqF64cJg\npOFz3vLLcCgfwHdcl8uw01uAFqkXZicV6zKZZaGT5j6oPWFkidJQPhP6gdzZ2jGT\nlmRoc6uuFZcA/PzSTwbkgObYtJWkhhCsTePwBPYnZkKDakulZccyN0ZCFi3pwq0a\nllgVdZ48tCL7NKVCEbGLaitazvd6Ufg3CzQQgW5SB5Zz297IP4FG9pzEpJFmZcIk\nSm7Pe1sWZmvCqre+Uiygi1h6ugzrK5EWXTRLCgq3cdwDvhsSquM/afmU7pc3g1rG\nNmkWwwcmC7tEM6HfxIMAAAADAQABAAACAGvJVKIvzze0x1o+LshqreRo76ZYH7Ie\nubpf8wmektnGZXcUqzQ120y4l3CFeu6m96vPuK/D684jMIbg3+/9ir6B3y9+VOCi\ny80qqVsfooK9jO/j2M2NYJ/A1GUBny41AN55wwHALq7GOkgOZ6c0uKxw9R4u/bsO\nzOvyb0C671/XSMMLM/AMOTdJOB5Vnjd7BqlhgrgeXJezS/lBj0tIevgLM3erNaM3\nMV092Dtq8CkEP3YZ80IvKWTK0R6joHhQzv/TLX3ftdnyqRSVHR9Kiu0LDrav30FD\n4zrlgvdA/l9G8ob2sncoIxhqOOGTyvqxWa32psQLXHJ1AvbWrkYbDoLhM7pvbJpE\n+SyWGZnd4AeYGLoaPKTHR40AXU7oZFGvysjv5KPBWDzuFi8J6M+qw8kl+o1IRLig\n+/ftTMmFVrUnZMvO5P+Y+/BnJ8SHzQ6FJm3v59JvrhY2nFrBLjOtD0qDlroB2JLi\nH7G7na5spqS3LRuOz7NaxCYetPgoS1dpIR8YSMyyvy3CY0bmnhhsh/wfaGq3abjR\nkI8677xdUMI0u1veWd5DdPG5aES37e/n+Xk8JDMKeVkQEqNKyp7MiH0Lqa4VBQ7t\nNrik3ITdgjZkvfV/3e5gmfXEnAT0NtkqViEGSTBuYWwzRacjoRrIxqUMkbu0/ELp\nMUZ1S5+WQXcBAAABAF/T7VsrJXkuRawfLI4OdtxjRV0c6xslYvwpCwvkIQ/ML2J8\n9sCAYoeKUVin9RGUvaCimepRGNrHkw8IKHhjIimUgBqq+csZjMshlwKdtfZvRimu\n4FYC8OP3Z47KLx7pi/s0FNWb91QptbGb7oFEyAmYkY5Xhjj58wUvT/NxrjiHBHah\nEm2zZVh6wXVwxyqnTnpXUuscX69bpHql3bxleYDjhfxvZsVIA+QPmStfq70ReCXc\num1n8Xl/N5XDhDTAwJQxGSqxbXzeS+dxM2vBxlCyVZJ83ikdWhV1p8Oe7KbKvLl3\nhheadsnFAdwA/1SxY6YIXqr7jqrhEwVQlVcj/xcAAAEBAPAJiaMIQey9UYpdGzQ9\nTR685hVy8SKIcrbriqjv+4p51fzrReJTMZz8SPA0QY/S0zUA1soUu6e8MtHEXm/n\nL9NGj1leG9GoZLhIN7JmWkk395TCCvNgLu8hPYPc3eUFxD6ayVbIhWujn7M9AFnH\njIbM4UgFlZJSLWuSOZBKnk6TgrW2vKh9E+HwsCsJ++EkWCAgiTa2yeC8TLumXCzs\nKQdTk2b5bQxZxqelIsxyZ4TMOnRC/PR2dbjNEbApZOVIN4XyB6CdGtpFdUd0cQwX\nwsUTmuXjiE26N5BVIFyRJmQv1FUF8zMwoDwKMtmu7yOHWwXVznAKfep/thrsGMZl\nr5MAAAEBAMQRuV6qvDPNatAUwb0cVx6AF/a0HLAsNCLomYT8B5w1vcLrle5Bcmag\n/Jy82GzvuCQipfAF2ra/jMyZKl6n6v6VvLVScIqazxjUVtCeWTOn3T7jP/ilmgRE\nC+6p5M/+WwG6S8v+xe/3kQz4a6UxjZaE+hkFGiVv3lsMLPg2l5uHQVlCVN6CBT1a\nn5yZKyAMui9aB80t8/5Afe0fEg3BNHlpWcRlPh5hYDS767VCDZ0icSdTJet2fQWI\nh4Glr1dtzOGzjiCGPrIiZg7l2jJYjmYVGxoknGjzFSpDfhSRxZTWvlSpUhPX2Bfs\n0V3HM3XPgy/ZstCKRZvLszsPbKkMTVEAAAAAAQID\n-----END OPENSSH PRIVATE KEY-----\n",
            "private_key_pem": "-----BEGIN RSA PRIVATE KEY-----\nMIIJJwIBAAKCAgEAt9fr0p40LXAwta7wACttoc+hcONPwHSzCscclEqYtPY9tGGp\nLhyQx7AT42khcldY+et0xuSgqPRRgm86sGgBreU6X2P3dxHwORL3B+Ue+67gDmVv\nPxhYkMXFTWDfwJnRVRWYrLab16Gc2bwzT99hLHaMtNIwJMD/zhtdPimTIGXA9ip5\nLC/Ri7cwLiSKdEFwpv14CuFiRbc3dlzn1YS0lX6Owa73TTXqtaQlsQfOPn869yle\nsDnat2FP2mbc9HFCCv6LA3Ij4chEstzi+xgbO8oIOEaAkTXPRpL8uiZp2wuUAA+7\np7L/GPrWqhyLvhjCpaieleTR/M/Msp6MXu+q7RMT7jow2Ga1LEdMSUxYjwbSMZu8\nBV/feu5dVKrFpm+8llNbi/U5bs89vSgLOqF64cJgpOFz3vLLcCgfwHdcl8uw01uA\nFqkXZicV6zKZZaGT5j6oPWFkidJQPhP6gdzZ2jGTlmRoc6uuFZcA/PzSTwbkgObY\ntJWkhhCsTePwBPYnZkKDakulZccyN0ZCFi3pwq0allgVdZ48tCL7NKVCEbGLaita\nzvd6Ufg3CzQQgW5SB5Zz297IP4FG9pzEpJFmZcIkSm7Pe1sWZmvCqre+Uiygi1h6\nugzrK5EWXTRLCgq3cdwDvhsSquM/afmU7pc3g1rGNmkWwwcmC7tEM6HfxIMCAwEA\nAQKCAgBryVSiL883tMdaPi7Iaq3kaO+mWB+yHrm6X/MJnpLZxmV3FKs0NdtMuJdw\nhXrupverz7ivw+vOIzCG4N/v/Yq+gd8vflTgosvNKqlbH6KCvYzv49jNjWCfwNRl\nAZ8uNQDeecMBwC6uxjpIDmenNLiscPUeLv27Dszr8m9Auu9f10jDCzPwDDk3STge\nVZ43ewapYYK4HlyXs0v5QY9LSHr4CzN3qzWjNzFdPdg7avApBD92GfNCLylkytEe\no6B4UM7/0y1937XZ8qkUlR0fSortCw62r99BQ+M65YL3QP5fRvKG9rJ3KCMYajjh\nk8r6sVmt9qbEC1xydQL21q5GGw6C4TO6b2yaRPkslhmZ3eAHmBi6Gjykx0eNAF1O\n6GRRr8rI7+SjwVg87hYvCejPqsPJJfqNSES4oPv37UzJhVa1J2TLzuT/mPvwZyfE\nh80OhSZt7+fSb64WNpxawS4zrQ9Kg5a6AdiS4h+xu52ubKakty0bjs+zWsQmHrT4\nKEtXaSEfGEjMsr8twmNG5p4YbIf8H2hqt2m40ZCPOu+8XVDCNLtb3lneQ3TxuWhE\nt+3v5/l5PCQzCnlZEBKjSsqezIh9C6muFQUO7Ta4pNyE3YI2ZL31f93uYJn1xJwE\n9DbZKlYhBkkwbmFsM0WnI6EayMalDJG7tPxC6TFGdUuflkF3AQKCAQEA8AmJowhB\n7L1Ril0bND1NHrzmFXLxIohytuuKqO/7innV/OtF4lMxnPxI8DRBj9LTNQDWyhS7\np7wy0cReb+cv00aPWV4b0ahkuEg3smZaSTf3lMIK82Au7yE9g9zd5QXEPprJVsiF\na6Ofsz0AWceMhszhSAWVklIta5I5kEqeTpOCtba8qH0T4fCwKwn74SRYICCJNrbJ\n4LxMu6ZcLOwpB1OTZvltDFnGp6UizHJnhMw6dEL89HZ1uM0RsClk5Ug3hfIHoJ0a\n2kV1R3RxDBfCxROa5eOITbo3kFUgXJEmZC/UVQXzMzCgPAoy2a7vI4dbBdXOcAp9\n6n+2GuwYxmWvkwKCAQEAxBG5Xqq8M81q0BTBvRxXHoAX9rQcsCw0IuiZhPwHnDW9\nwuuV7kFyZqD8nLzYbO+4JCKl8AXatr+MzJkqXqfq/pW8tVJwiprPGNRW0J5ZM6fd\nPuM/+KWaBEQL7qnkz/5bAbpLy/7F7/eRDPhrpTGNloT6GQUaJW/eWwws+DaXm4dB\nWUJU3oIFPVqfnJkrIAy6L1oHzS3z/kB97R8SDcE0eWlZxGU+HmFgNLvrtUINnSJx\nJ1Ml63Z9BYiHgaWvV23M4bOOIIY+siJmDuXaMliOZhUbGiScaPMVKkN+FJHFlNa+\nVKlSE9fYF+zRXcczdc+DL9my0IpFm8uzOw9sqQxNUQKCAQBmTtpgJ5vZqJOBks+O\ng3ZEXKUAjV4jpt6mAly2RpsC2Y0QYMMHhQgHbiw0XUF4aJZm5/WkahPVmUxbxgOu\nVG448cEViRv4T3qmZPmAS0m+HWGkANSkCOHYQGW0t0XIYJ3VRSn9mDftue7OeXiV\ny4ykw9xdUyv+EpKTX96zFmrE+PBkPP/KHI2F5o1fusClpFT/VH7HWD9RT1CxRmXR\nK9MM8V1JLZSCCB24xJTBaR2gJ1/ev9KK65afbqBUYkBDzXUE3TTNC0kvsR0cmI+6\nZMI6N3H0+/bTkkQue2nwqlkfqJcqqf+PWPFixcIIsBvzG7T7FrcHYCFs+oQGk4y3\nuw2LAoIBAH8ZzkTkASTDoN5K1ly1JnSLLP2sPHyn6xRGHF7s0jIdVGorNgJBQtvs\nuFUSxmm37HLgUxmJcgLNoYRwNdsul1N51d7lFjeDq4S5AZ4zSDgINZAy2KFjGLhz\nNBj+4WlDxdMU5VXUTpQEtG7oC0AHI3XTthzKBe0G2+nBttUg7p7PyzkFmuay+pqP\nSLDHSgF4vqk7f5sukuDbBcbVQWrROCcMeDisONyQ20DUITRbIWAfl6KacBZ3tQwF\nOXJ96XCPqSUWtKe43qOzUN2Peybv6T+bpvoHia0vByViozTKWn7lxnQzXxWl8ltw\nFTjpjR5t6uj2AsjVGdKo9gLvOM1NQEECggEAX9PtWysleS5FrB8sjg523GNFXRzr\nGyVi/CkLC+QhD8wvYnz2wIBih4pRWKf1EZS9oKKZ6lEY2seTDwgoeGMiKZSAGqr5\nyxmMyyGXAp219m9GKa7gVgLw4/dnjsovHumL+zQU1Zv3VCm1sZvugUTICZiRjleG\nOPnzBS9P83GuOIcEdqESbbNlWHrBdXDHKqdOeldS6xxfr1ukeqXdvGV5gOOF/G9m\nxUgD5A+ZK1+rvRF4Jdy6bWfxeX83lcOENMDAlDEZKrFtfN5L53Eza8HGULJVknze\nKR1aFXWnw57spsq8uXeGF5p2ycUB3AD/VLFjpgheqvuOquETBVCVVyP/Fw==\n-----END RSA PRIVATE KEY-----\n",
            "public_key_fingerprint_md5": "3f:08:d2:b4:a4:5d:c3:ba:52:ca:13:5d:15:05:13:92",
            "public_key_fingerprint_sha256": "SHA256:tC8u6xh65TXRxG5mSABYf5eFrO0l9GqlurFvSWcT3vk",
            "public_key_openssh": "ssh-rsa AAAAB3NzaC1yc2EAAAADAQABAAACAQC31+vSnjQtcDC1rvAAK22hz6Fw40/AdLMKxxyUSpi09j20YakuHJDHsBPjaSFyV1j563TG5KCo9FGCbzqwaAGt5TpfY/d3EfA5EvcH5R77ruAOZW8/GFiQxcVNYN/AmdFVFZistpvXoZzZvDNP32Esdoy00jAkwP/OG10+KZMgZcD2KnksL9GLtzAuJIp0QXCm/XgK4WJFtzd2XOfVhLSVfo7BrvdNNeq1pCWxB84+fzr3KV6wOdq3YU/aZtz0cUIK/osDciPhyESy3OL7GBs7ygg4RoCRNc9Gkvy6JmnbC5QAD7unsv8Y+taqHIu+GMKlqJ6V5NH8z8yynoxe76rtExPuOjDYZrUsR0xJTFiPBtIxm7wFX9967l1UqsWmb7yWU1uL9Tluzz29KAs6oXrhwmCk4XPe8stwKB/Ad1yXy7DTW4AWqRdmJxXrMplloZPmPqg9YWSJ0lA+E/qB3NnaMZOWZGhzq64VlwD8/NJPBuSA5ti0laSGEKxN4/AE9idmQoNqS6VlxzI3RkIWLenCrRqWWBV1njy0Ivs0pUIRsYtqK1rO93pR+DcLNBCBblIHlnPb3sg/gUb2nMSkkWZlwiRKbs97WxZma8Kqt75SLKCLWHq6DOsrkRZdNEsKCrdx3AO+GxKq4z9p+ZTulzeDWsY2aRbDByYLu0Qzod/Egw==\n",
            "public_key_pem": "-----BEGIN PUBLIC KEY-----\nMIICIjANBgkqhkiG9w0BAQEFAAOCAg8AMIICCgKCAgEAt9fr0p40LXAwta7wACtt\noc+hcONPwHSzCscclEqYtPY9tGGpLhyQx7AT42khcldY+et0xuSgqPRRgm86sGgB\nreU6X2P3dxHwORL3B+Ue+67gDmVvPxhYkMXFTWDfwJnRVRWYrLab16Gc2bwzT99h\nLHaMtNIwJMD/zhtdPimTIGXA9ip5LC/Ri7cwLiSKdEFwpv14CuFiRbc3dlzn1YS0\nlX6Owa73TTXqtaQlsQfOPn869ylesDnat2FP2mbc9HFCCv6LA3Ij4chEstzi+xgb\nO8oIOEaAkTXPRpL8uiZp2wuUAA+7p7L/GPrWqhyLvhjCpaieleTR/M/Msp6MXu+q\n7RMT7jow2Ga1LEdMSUxYjwbSMZu8BV/feu5dVKrFpm+8llNbi/U5bs89vSgLOqF6\n4cJgpOFz3vLLcCgfwHdcl8uw01uAFqkXZicV6zKZZaGT5j6oPWFkidJQPhP6gdzZ\n2jGTlmRoc6uuFZcA/PzSTwbkgObYtJWkhhCsTePwBPYnZkKDakulZccyN0ZCFi3p\nwq0allgVdZ48tCL7NKVCEbGLaitazvd6Ufg3CzQQgW5SB5Zz297IP4FG9pzEpJFm\nZcIkSm7Pe1sWZmvCqre+Uiygi1h6ugzrK5EWXTRLCgq3cdwDvhsSquM/afmU7pc3\ng1rGNmkWwwcmC7tEM6HfxIMCAwEAAQ==\n-----END PUBLIC KEY-----\n",
            "rsa_bits": 4096
          },
          "sensitive_attributes": [],
          "private": "bnVsbA==",
          "dependencies": [
            "module.vpc.aws_cloudwatch_log_group.flow_log",
            "module.vpc.aws_customer_gateway.this",
            "module.vpc.aws_db_subnet_group.database",
            "module.vpc.aws_default_network_acl.this",
            "module.vpc.aws_default_route_table.default",
            "module.vpc.aws_default_security_group.this",
            "module.vpc.aws_default_vpc.this",
            "module.vpc.aws_egress_only_internet_gateway.this",
            "module.vpc.aws_eip.nat",
            "module.vpc.aws_elasticache_subnet_group.elasticache",
            "module.vpc.aws_flow_log.this",
            "module.vpc.aws_iam_policy.vpc_flow_log_cloudwatch",
            "module.vpc.aws_iam_role.vpc_flow_log_cloudwatch",
            "module.vpc.aws_iam_role_policy_attachment.vpc_flow_log_cloudwatch",
            "module.vpc.aws_internet_gateway.this",
            "module.vpc.aws_nat_gateway.this",
            "module.vpc.aws_network_acl.database",
            "module.vpc.aws_network_acl.elasticache",
            "module.vpc.aws_network_acl.intra",
            "module.vpc.aws_network_acl.outpost",
            "module.vpc.aws_network_acl.private",
            "module.vpc.aws_network_acl.public",
            "module.vpc.aws_network_acl.redshift",
            "module.vpc.aws_network_acl_rule.database_inbound",
            "module.vpc.aws_network_acl_rule.database_outbound",
            "module.vpc.aws_network_acl_rule.elasticache_inbound",
            "module.vpc.aws_network_acl_rule.elasticache_outbound",
            "module.vpc.aws_network_acl_rule.intra_inbound",
            "module.vpc.aws_network_acl_rule.intra_outbound",
            "module.vpc.aws_network_acl_rule.outpost_inbound",
            "module.vpc.aws_network_acl_rule.outpost_outbound",
            "module.vpc.aws_network_acl_rule.private_inbound",
            "module.vpc.aws_network_acl_rule.private_outbound",
            "module.vpc.aws_network_acl_rule.public_inbound",
            "module.vpc.aws_network_acl_rule.public_outbound",
            "module.vpc.aws_network_acl_rule.redshift_inbound",
            "module.vpc.aws_network_acl_rule.redshift_outbound",
            "module.vpc.aws_redshift_subnet_group.redshift",
            "module.vpc.aws_route.database_internet_gateway",
            "module.vpc.aws_route.database_ipv6_egress",
            "module.vpc.aws_route.database_nat_gateway",
            "module.vpc.aws_route.private_ipv6_egress",
            "module.vpc.aws_route.private_nat_gateway",
            "module.vpc.aws_route.public_internet_gateway",
            "module.vpc.aws_route.public_internet_gateway_ipv6",
            "module.vpc.aws_route_table.database",
            "module.vpc.aws_route_table.elasticache",
            "module.vpc.aws_route_table.intra",
            "module.vpc.aws_route_table.private",
            "module.vpc.aws_route_table.public",
            "module.vpc.aws_route_table.redshift",
            "module.vpc.aws_route_table_association.database",
            "module.vpc.aws_route_table_association.elasticache",
            "module.vpc.aws_route_table_association.intra",
            "module.vpc.aws_route_table_association.outpost",
            "module.vpc.aws_route_table_association.private",
            "module.vpc.aws_route_table_association.public",
            "module.vpc.aws_route_table_association.redshift",
            "module.vpc.aws_route_table_association.redshift_public",
            "module.vpc.aws_subnet.database",
            "module.vpc.aws_subnet.elasticache",
            "module.vpc.aws_subnet.intra",
            "module.vpc.aws_subnet.outpost",
            "module.vpc.aws_subnet.private",
            "module.vpc.aws_subnet.public",
            "module.vpc.aws_subnet.redshift",
            "module.vpc.aws_vpc.this",
            "module.vpc.aws_vpc_dhcp_options.this",
            "module.vpc.aws_vpc_dhcp_options_association.this",
            "module.vpc.aws_vpc_ipv4_cidr_block_association.this",
            "module.vpc.aws_vpn_gateway.this",
            "module.vpc.aws_vpn_gateway_attachment.this",
            "module.vpc.aws_vpn_gateway_route_propagation.intra",
            "module.vpc.aws_vpn_gateway_route_propagation.private",
            "module.vpc.aws_vpn_gateway_route_propagation.public",
            "module.vpc.data.aws_iam_policy_document.flow_log_cloudwatch_assume_role",
            "module.vpc.data.aws_iam_policy_document.vpc_flow_log_cloudwatch"
          ]
        }
      ]
    },
    {
      "module": "module.vpc",
      "mode": "managed",
      "type": "aws_eip",
      "name": "nat",
      "provider": "provider[\"registry.terraform.io/hashicorp/aws\"]",
      "instances": [
        {
          "index_key": 0,
          "schema_version": 0,
          "attributes": {
            "address": null,
            "allocation_id": "eipalloc-0e3da090f90feec74",
            "associate_with_private_ip": null,
            "association_id": "eipassoc-059973e0b2e3d822a",
            "carrier_ip": "",
            "customer_owned_ip": "",
            "customer_owned_ipv4_pool": "",
            "domain": "vpc",
            "id": "eipalloc-0e3da090f90feec74",
            "instance": "",
            "network_border_group": "us-east-1",
            "network_interface": "eni-09ff45e832387600d",
            "private_dns": "ip-172-23-7-129.ec2.internal",
            "private_ip": "172.23.7.129",
            "public_dns": "ec2-44-205-234-250.compute-1.amazonaws.com",
            "public_ip": "44.205.234.250",
            "public_ipv4_pool": "amazon",
            "tags": {
              "Name": "VPC-us-east-1a"
            },
            "tags_all": {
              "Name": "VPC-us-east-1a"
            },
            "timeouts": null,
            "vpc": true
          },
          "sensitive_attributes": [],
          "private": "eyJlMmJmYjczMC1lY2FhLTExZTYtOGY4OC0zNDM2M2JjN2M0YzAiOnsiZGVsZXRlIjoxODAwMDAwMDAwMDAsInJlYWQiOjkwMDAwMDAwMDAwMCwidXBkYXRlIjozMDAwMDAwMDAwMDB9fQ=="
        }
      ]
    },
    {
      "module": "module.vpc",
      "mode": "managed",
      "type": "aws_internet_gateway",
      "name": "this",
      "provider": "provider[\"registry.terraform.io/hashicorp/aws\"]",
      "instances": [
        {
          "index_key": 0,
          "schema_version": 0,
          "attributes": {
            "arn": "arn:aws:ec2:us-east-1:493674448688:internet-gateway/igw-0e89f3bb9b1b5b68a",
            "id": "igw-0e89f3bb9b1b5b68a",
            "owner_id": "493674448688",
            "tags": {
              "Name": "VPC"
            },
            "tags_all": {
              "Name": "VPC"
            },
            "vpc_id": "vpc-0f5589764b6f4b4e7"
          },
          "sensitive_attributes": [],
          "private": "bnVsbA==",
          "dependencies": [
            "module.vpc.aws_vpc.this",
            "module.vpc.aws_vpc_ipv4_cidr_block_association.this"
          ]
        }
      ]
    },
    {
      "module": "module.vpc",
      "mode": "managed",
      "type": "aws_nat_gateway",
      "name": "this",
      "provider": "provider[\"registry.terraform.io/hashicorp/aws\"]",
      "instances": [
        {
          "index_key": 0,
          "schema_version": 0,
          "attributes": {
            "allocation_id": "eipalloc-0e3da090f90feec74",
            "connectivity_type": "public",
            "id": "nat-030711ef2799846f7",
            "network_interface_id": "eni-09ff45e832387600d",
            "private_ip": "172.23.7.129",
            "public_ip": "44.205.234.250",
            "subnet_id": "subnet-0f1846ef875551687",
            "tags": {
              "Name": "caldera-test_natgateway"
            },
            "tags_all": {
              "Name": "caldera-test_natgateway"
            }
          },
          "sensitive_attributes": [],
          "private": "bnVsbA==",
          "dependencies": [
            "module.vpc.aws_eip.nat",
            "module.vpc.aws_internet_gateway.this",
            "module.vpc.aws_subnet.public",
            "module.vpc.aws_vpc.this",
            "module.vpc.aws_vpc_ipv4_cidr_block_association.this"
          ]
        }
      ]
    },
    {
      "module": "module.vpc",
      "mode": "managed",
      "type": "aws_route",
      "name": "private_nat_gateway",
      "provider": "provider[\"registry.terraform.io/hashicorp/aws\"]",
      "instances": [
        {
          "index_key": 0,
          "schema_version": 0,
          "attributes": {
            "carrier_gateway_id": "",
            "core_network_arn": "",
            "destination_cidr_block": "0.0.0.0/0",
            "destination_ipv6_cidr_block": "",
            "destination_prefix_list_id": "",
            "egress_only_gateway_id": "",
            "gateway_id": "",
            "id": "r-rtb-0d6d8fdcac4d2154a1080289494",
            "instance_id": "",
            "instance_owner_id": "",
            "local_gateway_id": "",
            "nat_gateway_id": "nat-030711ef2799846f7",
            "network_interface_id": "",
            "origin": "CreateRoute",
            "route_table_id": "rtb-0d6d8fdcac4d2154a",
            "state": "active",
            "timeouts": {
              "create": "5m",
              "delete": null,
              "update": null
            },
            "transit_gateway_id": "",
            "vpc_endpoint_id": "",
            "vpc_peering_connection_id": ""
          },
          "sensitive_attributes": [],
          "private": "eyJlMmJmYjczMC1lY2FhLTExZTYtOGY4OC0zNDM2M2JjN2M0YzAiOnsiY3JlYXRlIjozMDAwMDAwMDAwMDAsImRlbGV0ZSI6MzAwMDAwMDAwMDAwLCJ1cGRhdGUiOjEyMDAwMDAwMDAwMH19",
          "dependencies": [
            "module.vpc.aws_eip.nat",
            "module.vpc.aws_internet_gateway.this",
            "module.vpc.aws_nat_gateway.this",
            "module.vpc.aws_route_table.private",
            "module.vpc.aws_subnet.public",
            "module.vpc.aws_vpc.this",
            "module.vpc.aws_vpc_ipv4_cidr_block_association.this"
          ]
        }
      ]
    },
    {
      "module": "module.vpc",
      "mode": "managed",
      "type": "aws_route",
      "name": "public_internet_gateway",
      "provider": "provider[\"registry.terraform.io/hashicorp/aws\"]",
      "instances": [
        {
          "index_key": 0,
          "schema_version": 0,
          "attributes": {
            "carrier_gateway_id": "",
            "core_network_arn": "",
            "destination_cidr_block": "0.0.0.0/0",
            "destination_ipv6_cidr_block": "",
            "destination_prefix_list_id": "",
            "egress_only_gateway_id": "",
            "gateway_id": "igw-0e89f3bb9b1b5b68a",
            "id": "r-rtb-0a8205fbff87fd0621080289494",
            "instance_id": "",
            "instance_owner_id": "",
            "local_gateway_id": "",
            "nat_gateway_id": "",
            "network_interface_id": "",
            "origin": "CreateRoute",
            "route_table_id": "rtb-0a8205fbff87fd062",
            "state": "active",
            "timeouts": {
              "create": "5m",
              "delete": null,
              "update": null
            },
            "transit_gateway_id": "",
            "vpc_endpoint_id": "",
            "vpc_peering_connection_id": ""
          },
          "sensitive_attributes": [],
          "private": "eyJlMmJmYjczMC1lY2FhLTExZTYtOGY4OC0zNDM2M2JjN2M0YzAiOnsiY3JlYXRlIjozMDAwMDAwMDAwMDAsImRlbGV0ZSI6MzAwMDAwMDAwMDAwLCJ1cGRhdGUiOjEyMDAwMDAwMDAwMH19",
          "dependencies": [
            "module.vpc.aws_internet_gateway.this",
            "module.vpc.aws_route_table.public",
            "module.vpc.aws_vpc.this",
            "module.vpc.aws_vpc_ipv4_cidr_block_association.this"
          ]
        }
      ]
    },
    {
      "module": "module.vpc",
      "mode": "managed",
      "type": "aws_route_table",
      "name": "private",
      "provider": "provider[\"registry.terraform.io/hashicorp/aws\"]",
      "instances": [
        {
          "index_key": 0,
          "schema_version": 0,
          "attributes": {
            "arn": "arn:aws:ec2:us-east-1:493674448688:route-table/rtb-0d6d8fdcac4d2154a",
            "id": "rtb-0d6d8fdcac4d2154a",
            "owner_id": "493674448688",
            "propagating_vgws": [],
            "route": [
              {
                "carrier_gateway_id": "",
                "cidr_block": "0.0.0.0/0",
                "core_network_arn": "",
                "destination_prefix_list_id": "",
                "egress_only_gateway_id": "",
                "gateway_id": "",
                "instance_id": "",
                "ipv6_cidr_block": "",
                "local_gateway_id": "",
                "nat_gateway_id": "nat-030711ef2799846f7",
                "network_interface_id": "",
                "transit_gateway_id": "",
                "vpc_endpoint_id": "",
                "vpc_peering_connection_id": ""
              }
            ],
            "tags": {
              "Name": "VPC-private"
            },
            "tags_all": {
              "Name": "VPC-private"
            },
            "timeouts": null,
            "vpc_id": "vpc-0f5589764b6f4b4e7"
          },
          "sensitive_attributes": [],
          "private": "eyJlMmJmYjczMC1lY2FhLTExZTYtOGY4OC0zNDM2M2JjN2M0YzAiOnsiY3JlYXRlIjozMDAwMDAwMDAwMDAsImRlbGV0ZSI6MzAwMDAwMDAwMDAwLCJ1cGRhdGUiOjEyMDAwMDAwMDAwMH19",
          "dependencies": [
            "module.vpc.aws_vpc.this",
            "module.vpc.aws_vpc_ipv4_cidr_block_association.this"
          ]
        }
      ]
    },
    {
      "module": "module.vpc",
      "mode": "managed",
      "type": "aws_route_table",
      "name": "public",
      "provider": "provider[\"registry.terraform.io/hashicorp/aws\"]",
      "instances": [
        {
          "index_key": 0,
          "schema_version": 0,
          "attributes": {
            "arn": "arn:aws:ec2:us-east-1:493674448688:route-table/rtb-0a8205fbff87fd062",
            "id": "rtb-0a8205fbff87fd062",
            "owner_id": "493674448688",
            "propagating_vgws": [],
            "route": [
              {
                "carrier_gateway_id": "",
                "cidr_block": "0.0.0.0/0",
                "core_network_arn": "",
                "destination_prefix_list_id": "",
                "egress_only_gateway_id": "",
                "gateway_id": "igw-0e89f3bb9b1b5b68a",
                "instance_id": "",
                "ipv6_cidr_block": "",
                "local_gateway_id": "",
                "nat_gateway_id": "",
                "network_interface_id": "",
                "transit_gateway_id": "",
                "vpc_endpoint_id": "",
                "vpc_peering_connection_id": ""
              }
            ],
            "tags": {
              "Name": "VPC-public"
            },
            "tags_all": {
              "Name": "VPC-public"
            },
            "timeouts": null,
            "vpc_id": "vpc-0f5589764b6f4b4e7"
          },
          "sensitive_attributes": [],
          "private": "eyJlMmJmYjczMC1lY2FhLTExZTYtOGY4OC0zNDM2M2JjN2M0YzAiOnsiY3JlYXRlIjozMDAwMDAwMDAwMDAsImRlbGV0ZSI6MzAwMDAwMDAwMDAwLCJ1cGRhdGUiOjEyMDAwMDAwMDAwMH19",
          "dependencies": [
            "module.vpc.aws_vpc.this",
            "module.vpc.aws_vpc_ipv4_cidr_block_association.this"
          ]
        }
      ]
    },
    {
      "module": "module.vpc",
      "mode": "managed",
      "type": "aws_route_table_association",
      "name": "private",
      "provider": "provider[\"registry.terraform.io/hashicorp/aws\"]",
      "instances": [
        {
          "index_key": 0,
          "schema_version": 0,
          "attributes": {
            "gateway_id": "",
            "id": "rtbassoc-0df56d8983ee691d1",
            "route_table_id": "rtb-0d6d8fdcac4d2154a",
            "subnet_id": "subnet-031aa7178f3c2aec9"
          },
          "sensitive_attributes": [],
          "private": "bnVsbA==",
          "dependencies": [
            "module.vpc.aws_route_table.private",
            "module.vpc.aws_subnet.private",
            "module.vpc.aws_vpc.this",
            "module.vpc.aws_vpc_ipv4_cidr_block_association.this"
          ]
        },
        {
          "index_key": 1,
          "schema_version": 0,
          "attributes": {
            "gateway_id": "",
            "id": "rtbassoc-024c017219153adf3",
            "route_table_id": "rtb-0d6d8fdcac4d2154a",
            "subnet_id": "subnet-0fbc4aed732ec610c"
          },
          "sensitive_attributes": [],
          "private": "bnVsbA==",
          "dependencies": [
            "module.vpc.aws_route_table.private",
            "module.vpc.aws_subnet.private",
            "module.vpc.aws_vpc.this",
            "module.vpc.aws_vpc_ipv4_cidr_block_association.this"
          ]
        },
        {
          "index_key": 2,
          "schema_version": 0,
          "attributes": {
            "gateway_id": "",
            "id": "rtbassoc-0ef5b25df956d711a",
            "route_table_id": "rtb-0d6d8fdcac4d2154a",
            "subnet_id": "subnet-085e4899d37c6711e"
          },
          "sensitive_attributes": [],
          "private": "bnVsbA==",
          "dependencies": [
            "module.vpc.aws_route_table.private",
            "module.vpc.aws_subnet.private",
            "module.vpc.aws_vpc.this",
            "module.vpc.aws_vpc_ipv4_cidr_block_association.this"
          ]
        },
        {
          "index_key": 3,
          "schema_version": 0,
          "attributes": {
            "gateway_id": "",
            "id": "rtbassoc-0e0d567109c1a3c23",
            "route_table_id": "rtb-0d6d8fdcac4d2154a",
            "subnet_id": "subnet-05519231dae2ccfbd"
          },
          "sensitive_attributes": [],
          "private": "bnVsbA==",
          "dependencies": [
            "module.vpc.aws_route_table.private",
            "module.vpc.aws_subnet.private",
            "module.vpc.aws_vpc.this",
            "module.vpc.aws_vpc_ipv4_cidr_block_association.this"
          ]
        },
        {
          "index_key": 4,
          "schema_version": 0,
          "attributes": {
            "gateway_id": "",
            "id": "rtbassoc-0b5417a01939d0aea",
            "route_table_id": "rtb-0d6d8fdcac4d2154a",
            "subnet_id": "subnet-028a89d57fe48ec73"
          },
          "sensitive_attributes": [],
          "private": "bnVsbA==",
          "dependencies": [
            "module.vpc.aws_route_table.private",
            "module.vpc.aws_subnet.private",
            "module.vpc.aws_vpc.this",
            "module.vpc.aws_vpc_ipv4_cidr_block_association.this"
          ]
        }
      ]
    },
    {
      "module": "module.vpc",
      "mode": "managed",
      "type": "aws_route_table_association",
      "name": "public",
      "provider": "provider[\"registry.terraform.io/hashicorp/aws\"]",
      "instances": [
        {
          "index_key": 0,
          "schema_version": 0,
          "attributes": {
            "gateway_id": "",
            "id": "rtbassoc-048d3eceae877cd4c",
            "route_table_id": "rtb-0a8205fbff87fd062",
            "subnet_id": "subnet-0f1846ef875551687"
          },
          "sensitive_attributes": [],
          "private": "bnVsbA==",
          "dependencies": [
            "module.vpc.aws_route_table.public",
            "module.vpc.aws_subnet.public",
            "module.vpc.aws_vpc.this",
            "module.vpc.aws_vpc_ipv4_cidr_block_association.this"
          ]
        },
        {
          "index_key": 1,
          "schema_version": 0,
          "attributes": {
            "gateway_id": "",
            "id": "rtbassoc-01d33cc3c808f1c43",
            "route_table_id": "rtb-0a8205fbff87fd062",
            "subnet_id": "subnet-0c5d547ea40214d9a"
          },
          "sensitive_attributes": [],
          "private": "bnVsbA==",
          "dependencies": [
            "module.vpc.aws_route_table.public",
            "module.vpc.aws_subnet.public",
            "module.vpc.aws_vpc.this",
            "module.vpc.aws_vpc_ipv4_cidr_block_association.this"
          ]
        },
        {
          "index_key": 2,
          "schema_version": 0,
          "attributes": {
            "gateway_id": "",
            "id": "rtbassoc-03b5fdde61673bd06",
            "route_table_id": "rtb-0a8205fbff87fd062",
            "subnet_id": "subnet-01531f05b94df1c47"
          },
          "sensitive_attributes": [],
          "private": "bnVsbA==",
          "dependencies": [
            "module.vpc.aws_route_table.public",
            "module.vpc.aws_subnet.public",
            "module.vpc.aws_vpc.this",
            "module.vpc.aws_vpc_ipv4_cidr_block_association.this"
          ]
        },
        {
          "index_key": 3,
          "schema_version": 0,
          "attributes": {
            "gateway_id": "",
            "id": "rtbassoc-02cdb41da53cf95d4",
            "route_table_id": "rtb-0a8205fbff87fd062",
            "subnet_id": "subnet-0a6a127d221b80f98"
          },
          "sensitive_attributes": [],
          "private": "bnVsbA==",
          "dependencies": [
            "module.vpc.aws_route_table.public",
            "module.vpc.aws_subnet.public",
            "module.vpc.aws_vpc.this",
            "module.vpc.aws_vpc_ipv4_cidr_block_association.this"
          ]
        },
        {
          "index_key": 4,
          "schema_version": 0,
          "attributes": {
            "gateway_id": "",
            "id": "rtbassoc-07d8d99c3c4fae67f",
            "route_table_id": "rtb-0a8205fbff87fd062",
            "subnet_id": "subnet-0b90bd2bd350bb888"
          },
          "sensitive_attributes": [],
          "private": "bnVsbA==",
          "dependencies": [
            "module.vpc.aws_route_table.public",
            "module.vpc.aws_subnet.public",
            "module.vpc.aws_vpc.this",
            "module.vpc.aws_vpc_ipv4_cidr_block_association.this"
          ]
        }
      ]
    },
    {
      "module": "module.vpc",
      "mode": "managed",
      "type": "aws_subnet",
      "name": "private",
      "provider": "provider[\"registry.terraform.io/hashicorp/aws\"]",
      "instances": [
        {
          "index_key": 0,
          "schema_version": 1,
          "attributes": {
            "arn": "arn:aws:ec2:us-east-1:493674448688:subnet/subnet-031aa7178f3c2aec9",
            "assign_ipv6_address_on_creation": false,
            "availability_zone": "us-east-1a",
            "availability_zone_id": "use1-az4",
            "cidr_block": "172.23.0.0/22",
            "customer_owned_ipv4_pool": "",
            "enable_dns64": false,
            "enable_resource_name_dns_a_record_on_launch": false,
            "enable_resource_name_dns_aaaa_record_on_launch": false,
            "id": "subnet-031aa7178f3c2aec9",
            "ipv6_cidr_block": "",
            "ipv6_cidr_block_association_id": "",
            "ipv6_native": false,
            "map_customer_owned_ip_on_launch": false,
            "map_public_ip_on_launch": false,
            "outpost_arn": "",
            "owner_id": "493674448688",
            "private_dns_hostname_type_on_launch": "ip-name",
            "tags": {
              "Name": "caldera-test_private"
            },
            "tags_all": {
              "Name": "caldera-test_private"
            },
            "timeouts": null,
            "vpc_id": "vpc-0f5589764b6f4b4e7"
          },
          "sensitive_attributes": [],
          "private": "eyJlMmJmYjczMC1lY2FhLTExZTYtOGY4OC0zNDM2M2JjN2M0YzAiOnsiY3JlYXRlIjo2MDAwMDAwMDAwMDAsImRlbGV0ZSI6MTIwMDAwMDAwMDAwMH0sInNjaGVtYV92ZXJzaW9uIjoiMSJ9",
          "dependencies": [
            "module.vpc.aws_vpc.this",
            "module.vpc.aws_vpc_ipv4_cidr_block_association.this"
          ]
        },
        {
          "index_key": 1,
          "schema_version": 1,
          "attributes": {
            "arn": "arn:aws:ec2:us-east-1:493674448688:subnet/subnet-0fbc4aed732ec610c",
            "assign_ipv6_address_on_creation": false,
            "availability_zone": "us-east-1b",
            "availability_zone_id": "use1-az6",
            "cidr_block": "172.23.32.0/22",
            "customer_owned_ipv4_pool": "",
            "enable_dns64": false,
            "enable_resource_name_dns_a_record_on_launch": false,
            "enable_resource_name_dns_aaaa_record_on_launch": false,
            "id": "subnet-0fbc4aed732ec610c",
            "ipv6_cidr_block": "",
            "ipv6_cidr_block_association_id": "",
            "ipv6_native": false,
            "map_customer_owned_ip_on_launch": false,
            "map_public_ip_on_launch": false,
            "outpost_arn": "",
            "owner_id": "493674448688",
            "private_dns_hostname_type_on_launch": "ip-name",
            "tags": {
              "Name": "caldera-test_private"
            },
            "tags_all": {
              "Name": "caldera-test_private"
            },
            "timeouts": null,
            "vpc_id": "vpc-0f5589764b6f4b4e7"
          },
          "sensitive_attributes": [],
          "private": "eyJlMmJmYjczMC1lY2FhLTExZTYtOGY4OC0zNDM2M2JjN2M0YzAiOnsiY3JlYXRlIjo2MDAwMDAwMDAwMDAsImRlbGV0ZSI6MTIwMDAwMDAwMDAwMH0sInNjaGVtYV92ZXJzaW9uIjoiMSJ9",
          "dependencies": [
            "module.vpc.aws_vpc.this",
            "module.vpc.aws_vpc_ipv4_cidr_block_association.this"
          ]
        },
        {
          "index_key": 2,
          "schema_version": 1,
          "attributes": {
            "arn": "arn:aws:ec2:us-east-1:493674448688:subnet/subnet-085e4899d37c6711e",
            "assign_ipv6_address_on_creation": false,
            "availability_zone": "us-east-1c",
            "availability_zone_id": "use1-az1",
            "cidr_block": "172.23.64.0/22",
            "customer_owned_ipv4_pool": "",
            "enable_dns64": false,
            "enable_resource_name_dns_a_record_on_launch": false,
            "enable_resource_name_dns_aaaa_record_on_launch": false,
            "id": "subnet-085e4899d37c6711e",
            "ipv6_cidr_block": "",
            "ipv6_cidr_block_association_id": "",
            "ipv6_native": false,
            "map_customer_owned_ip_on_launch": false,
            "map_public_ip_on_launch": false,
            "outpost_arn": "",
            "owner_id": "493674448688",
            "private_dns_hostname_type_on_launch": "ip-name",
            "tags": {
              "Name": "caldera-test_private"
            },
            "tags_all": {
              "Name": "caldera-test_private"
            },
            "timeouts": null,
            "vpc_id": "vpc-0f5589764b6f4b4e7"
          },
          "sensitive_attributes": [],
          "private": "eyJlMmJmYjczMC1lY2FhLTExZTYtOGY4OC0zNDM2M2JjN2M0YzAiOnsiY3JlYXRlIjo2MDAwMDAwMDAwMDAsImRlbGV0ZSI6MTIwMDAwMDAwMDAwMH0sInNjaGVtYV92ZXJzaW9uIjoiMSJ9",
          "dependencies": [
            "module.vpc.aws_vpc.this",
            "module.vpc.aws_vpc_ipv4_cidr_block_association.this"
          ]
        },
        {
          "index_key": 3,
          "schema_version": 1,
          "attributes": {
            "arn": "arn:aws:ec2:us-east-1:493674448688:subnet/subnet-05519231dae2ccfbd",
            "assign_ipv6_address_on_creation": false,
            "availability_zone": "us-east-1d",
            "availability_zone_id": "use1-az2",
            "cidr_block": "172.23.96.0/22",
            "customer_owned_ipv4_pool": "",
            "enable_dns64": false,
            "enable_resource_name_dns_a_record_on_launch": false,
            "enable_resource_name_dns_aaaa_record_on_launch": false,
            "id": "subnet-05519231dae2ccfbd",
            "ipv6_cidr_block": "",
            "ipv6_cidr_block_association_id": "",
            "ipv6_native": false,
            "map_customer_owned_ip_on_launch": false,
            "map_public_ip_on_launch": false,
            "outpost_arn": "",
            "owner_id": "493674448688",
            "private_dns_hostname_type_on_launch": "ip-name",
            "tags": {
              "Name": "caldera-test_private"
            },
            "tags_all": {
              "Name": "caldera-test_private"
            },
            "timeouts": null,
            "vpc_id": "vpc-0f5589764b6f4b4e7"
          },
          "sensitive_attributes": [],
          "private": "eyJlMmJmYjczMC1lY2FhLTExZTYtOGY4OC0zNDM2M2JjN2M0YzAiOnsiY3JlYXRlIjo2MDAwMDAwMDAwMDAsImRlbGV0ZSI6MTIwMDAwMDAwMDAwMH0sInNjaGVtYV92ZXJzaW9uIjoiMSJ9",
          "dependencies": [
            "module.vpc.aws_vpc.this",
            "module.vpc.aws_vpc_ipv4_cidr_block_association.this"
          ]
        },
        {
          "index_key": 4,
          "schema_version": 1,
          "attributes": {
            "arn": "arn:aws:ec2:us-east-1:493674448688:subnet/subnet-028a89d57fe48ec73",
            "assign_ipv6_address_on_creation": false,
            "availability_zone": "us-east-1f",
            "availability_zone_id": "use1-az5",
            "cidr_block": "172.23.160.0/22",
            "customer_owned_ipv4_pool": "",
            "enable_dns64": false,
            "enable_resource_name_dns_a_record_on_launch": false,
            "enable_resource_name_dns_aaaa_record_on_launch": false,
            "id": "subnet-028a89d57fe48ec73",
            "ipv6_cidr_block": "",
            "ipv6_cidr_block_association_id": "",
            "ipv6_native": false,
            "map_customer_owned_ip_on_launch": false,
            "map_public_ip_on_launch": false,
            "outpost_arn": "",
            "owner_id": "493674448688",
            "private_dns_hostname_type_on_launch": "ip-name",
            "tags": {
              "Name": "caldera-test_private"
            },
            "tags_all": {
              "Name": "caldera-test_private"
            },
            "timeouts": null,
            "vpc_id": "vpc-0f5589764b6f4b4e7"
          },
          "sensitive_attributes": [],
          "private": "eyJlMmJmYjczMC1lY2FhLTExZTYtOGY4OC0zNDM2M2JjN2M0YzAiOnsiY3JlYXRlIjo2MDAwMDAwMDAwMDAsImRlbGV0ZSI6MTIwMDAwMDAwMDAwMH0sInNjaGVtYV92ZXJzaW9uIjoiMSJ9",
          "dependencies": [
            "module.vpc.aws_vpc.this",
            "module.vpc.aws_vpc_ipv4_cidr_block_association.this"
          ]
        }
      ]
    },
    {
      "module": "module.vpc",
      "mode": "managed",
      "type": "aws_subnet",
      "name": "public",
      "provider": "provider[\"registry.terraform.io/hashicorp/aws\"]",
      "instances": [
        {
          "index_key": 0,
          "schema_version": 1,
          "attributes": {
            "arn": "arn:aws:ec2:us-east-1:493674448688:subnet/subnet-0f1846ef875551687",
            "assign_ipv6_address_on_creation": false,
            "availability_zone": "us-east-1a",
            "availability_zone_id": "use1-az4",
            "cidr_block": "172.23.4.0/22",
            "customer_owned_ipv4_pool": "",
            "enable_dns64": false,
            "enable_resource_name_dns_a_record_on_launch": false,
            "enable_resource_name_dns_aaaa_record_on_launch": false,
            "id": "subnet-0f1846ef875551687",
            "ipv6_cidr_block": "",
            "ipv6_cidr_block_association_id": "",
            "ipv6_native": false,
            "map_customer_owned_ip_on_launch": false,
            "map_public_ip_on_launch": true,
            "outpost_arn": "",
            "owner_id": "493674448688",
            "private_dns_hostname_type_on_launch": "ip-name",
            "tags": {
              "Name": "caldera-test_public"
            },
            "tags_all": {
              "Name": "caldera-test_public"
            },
            "timeouts": null,
            "vpc_id": "vpc-0f5589764b6f4b4e7"
          },
          "sensitive_attributes": [],
          "private": "eyJlMmJmYjczMC1lY2FhLTExZTYtOGY4OC0zNDM2M2JjN2M0YzAiOnsiY3JlYXRlIjo2MDAwMDAwMDAwMDAsImRlbGV0ZSI6MTIwMDAwMDAwMDAwMH0sInNjaGVtYV92ZXJzaW9uIjoiMSJ9",
          "dependencies": [
            "module.vpc.aws_vpc.this",
            "module.vpc.aws_vpc_ipv4_cidr_block_association.this"
          ]
        },
        {
          "index_key": 1,
          "schema_version": 1,
          "attributes": {
            "arn": "arn:aws:ec2:us-east-1:493674448688:subnet/subnet-0c5d547ea40214d9a",
            "assign_ipv6_address_on_creation": false,
            "availability_zone": "us-east-1b",
            "availability_zone_id": "use1-az6",
            "cidr_block": "172.23.36.0/22",
            "customer_owned_ipv4_pool": "",
            "enable_dns64": false,
            "enable_resource_name_dns_a_record_on_launch": false,
            "enable_resource_name_dns_aaaa_record_on_launch": false,
            "id": "subnet-0c5d547ea40214d9a",
            "ipv6_cidr_block": "",
            "ipv6_cidr_block_association_id": "",
            "ipv6_native": false,
            "map_customer_owned_ip_on_launch": false,
            "map_public_ip_on_launch": true,
            "outpost_arn": "",
            "owner_id": "493674448688",
            "private_dns_hostname_type_on_launch": "ip-name",
            "tags": {
              "Name": "caldera-test_public"
            },
            "tags_all": {
              "Name": "caldera-test_public"
            },
            "timeouts": null,
            "vpc_id": "vpc-0f5589764b6f4b4e7"
          },
          "sensitive_attributes": [],
          "private": "eyJlMmJmYjczMC1lY2FhLTExZTYtOGY4OC0zNDM2M2JjN2M0YzAiOnsiY3JlYXRlIjo2MDAwMDAwMDAwMDAsImRlbGV0ZSI6MTIwMDAwMDAwMDAwMH0sInNjaGVtYV92ZXJzaW9uIjoiMSJ9",
          "dependencies": [
            "module.vpc.aws_vpc.this",
            "module.vpc.aws_vpc_ipv4_cidr_block_association.this"
          ]
        },
        {
          "index_key": 2,
          "schema_version": 1,
          "attributes": {
            "arn": "arn:aws:ec2:us-east-1:493674448688:subnet/subnet-01531f05b94df1c47",
            "assign_ipv6_address_on_creation": false,
            "availability_zone": "us-east-1c",
            "availability_zone_id": "use1-az1",
            "cidr_block": "172.23.68.0/22",
            "customer_owned_ipv4_pool": "",
            "enable_dns64": false,
            "enable_resource_name_dns_a_record_on_launch": false,
            "enable_resource_name_dns_aaaa_record_on_launch": false,
            "id": "subnet-01531f05b94df1c47",
            "ipv6_cidr_block": "",
            "ipv6_cidr_block_association_id": "",
            "ipv6_native": false,
            "map_customer_owned_ip_on_launch": false,
            "map_public_ip_on_launch": true,
            "outpost_arn": "",
            "owner_id": "493674448688",
            "private_dns_hostname_type_on_launch": "ip-name",
            "tags": {
              "Name": "caldera-test_public"
            },
            "tags_all": {
              "Name": "caldera-test_public"
            },
            "timeouts": null,
            "vpc_id": "vpc-0f5589764b6f4b4e7"
          },
          "sensitive_attributes": [],
          "private": "eyJlMmJmYjczMC1lY2FhLTExZTYtOGY4OC0zNDM2M2JjN2M0YzAiOnsiY3JlYXRlIjo2MDAwMDAwMDAwMDAsImRlbGV0ZSI6MTIwMDAwMDAwMDAwMH0sInNjaGVtYV92ZXJzaW9uIjoiMSJ9",
          "dependencies": [
            "module.vpc.aws_vpc.this",
            "module.vpc.aws_vpc_ipv4_cidr_block_association.this"
          ]
        },
        {
          "index_key": 3,
          "schema_version": 1,
          "attributes": {
            "arn": "arn:aws:ec2:us-east-1:493674448688:subnet/subnet-0a6a127d221b80f98",
            "assign_ipv6_address_on_creation": false,
            "availability_zone": "us-east-1d",
            "availability_zone_id": "use1-az2",
            "cidr_block": "172.23.100.0/22",
            "customer_owned_ipv4_pool": "",
            "enable_dns64": false,
            "enable_resource_name_dns_a_record_on_launch": false,
            "enable_resource_name_dns_aaaa_record_on_launch": false,
            "id": "subnet-0a6a127d221b80f98",
            "ipv6_cidr_block": "",
            "ipv6_cidr_block_association_id": "",
            "ipv6_native": false,
            "map_customer_owned_ip_on_launch": false,
            "map_public_ip_on_launch": true,
            "outpost_arn": "",
            "owner_id": "493674448688",
            "private_dns_hostname_type_on_launch": "ip-name",
            "tags": {
              "Name": "caldera-test_public"
            },
            "tags_all": {
              "Name": "caldera-test_public"
            },
            "timeouts": null,
            "vpc_id": "vpc-0f5589764b6f4b4e7"
          },
          "sensitive_attributes": [],
          "private": "eyJlMmJmYjczMC1lY2FhLTExZTYtOGY4OC0zNDM2M2JjN2M0YzAiOnsiY3JlYXRlIjo2MDAwMDAwMDAwMDAsImRlbGV0ZSI6MTIwMDAwMDAwMDAwMH0sInNjaGVtYV92ZXJzaW9uIjoiMSJ9",
          "dependencies": [
            "module.vpc.aws_vpc.this",
            "module.vpc.aws_vpc_ipv4_cidr_block_association.this"
          ]
        },
        {
          "index_key": 4,
          "schema_version": 1,
          "attributes": {
            "arn": "arn:aws:ec2:us-east-1:493674448688:subnet/subnet-0b90bd2bd350bb888",
            "assign_ipv6_address_on_creation": false,
            "availability_zone": "us-east-1f",
            "availability_zone_id": "use1-az5",
            "cidr_block": "172.23.164.0/22",
            "customer_owned_ipv4_pool": "",
            "enable_dns64": false,
            "enable_resource_name_dns_a_record_on_launch": false,
            "enable_resource_name_dns_aaaa_record_on_launch": false,
            "id": "subnet-0b90bd2bd350bb888",
            "ipv6_cidr_block": "",
            "ipv6_cidr_block_association_id": "",
            "ipv6_native": false,
            "map_customer_owned_ip_on_launch": false,
            "map_public_ip_on_launch": true,
            "outpost_arn": "",
            "owner_id": "493674448688",
            "private_dns_hostname_type_on_launch": "ip-name",
            "tags": {
              "Name": "caldera-test_public"
            },
            "tags_all": {
              "Name": "caldera-test_public"
            },
            "timeouts": null,
            "vpc_id": "vpc-0f5589764b6f4b4e7"
          },
          "sensitive_attributes": [],
          "private": "eyJlMmJmYjczMC1lY2FhLTExZTYtOGY4OC0zNDM2M2JjN2M0YzAiOnsiY3JlYXRlIjo2MDAwMDAwMDAwMDAsImRlbGV0ZSI6MTIwMDAwMDAwMDAwMH0sInNjaGVtYV92ZXJzaW9uIjoiMSJ9",
          "dependencies": [
            "module.vpc.aws_vpc.this",
            "module.vpc.aws_vpc_ipv4_cidr_block_association.this"
          ]
        }
      ]
    },
    {
      "module": "module.vpc",
      "mode": "managed",
      "type": "aws_vpc",
      "name": "this",
      "provider": "provider[\"registry.terraform.io/hashicorp/aws\"]",
      "instances": [
        {
          "index_key": 0,
          "schema_version": 1,
          "attributes": {
            "arn": "arn:aws:ec2:us-east-1:493674448688:vpc/vpc-0f5589764b6f4b4e7",
            "assign_generated_ipv6_cidr_block": false,
            "cidr_block": "172.23.0.0/16",
            "default_network_acl_id": "acl-0b9d47fd1059f31f5",
            "default_route_table_id": "rtb-05bf232dec351524e",
            "default_security_group_id": "sg-05126af205ee09f34",
            "dhcp_options_id": "dopt-05882dfae010db834",
            "enable_classiclink": false,
            "enable_classiclink_dns_support": false,
            "enable_dns_hostnames": true,
            "enable_dns_support": true,
            "id": "vpc-0f5589764b6f4b4e7",
            "instance_tenancy": "default",
            "ipv4_ipam_pool_id": null,
            "ipv4_netmask_length": null,
            "ipv6_association_id": "",
            "ipv6_cidr_block": "",
            "ipv6_cidr_block_network_border_group": "",
            "ipv6_ipam_pool_id": "",
            "ipv6_netmask_length": 0,
            "main_route_table_id": "rtb-05bf232dec351524e",
            "owner_id": "493674448688",
            "tags": {
              "Name": "VPC"
            },
            "tags_all": {
              "Name": "VPC"
            }
          },
          "sensitive_attributes": [],
          "private": "eyJzY2hlbWFfdmVyc2lvbiI6IjEifQ=="
        }
      ]
    }
  ]
}
