{
  "version": 4,
  "terraform_version": "1.2.4",
  "serial": 34,
  "lineage": "41a7b2d4-1e7c-76c4-07f5-3baa10b6f95d",
  "outputs": {
    "caldera_server_ip": {
      "value": "3.238.18.189",
      "type": "string"
    },
    "rsa_private_key": {
      "value": "-----BEGIN RSA PRIVATE KEY-----\nMIIJKQIBAAKCAgEAzeImSQok1PMXhcUmUIsC4bqvYMm/XxdCBr0ZQHMbZTlBzhxG\nPIdFXD6cnst6o9hoV5D2MUXqzLMsGKOtBp152q5SLRRTAIeWV0YjEMBJNRkMNdLu\nASZTYZcVS9PQt1q6sIz4n5OprQXyjHSd0goCOLSSl5Zq1HMLK9z5yJ+IV+5gLT++\nlwc0m822lddiEZBbZ+6r7wJEe5101iQtJ4zqyT3zeL7T8O/3Mvz/XTNUApZ3OuEk\neKPeork4Q2DDvJYf4yC5BCIsnZNTbOlF6+LHjRaNSdONpCqTuP/UuOMKptgSzTtb\n4OzIDoLFKkR0lUHzduCbjkDNbzkIkE29QoSkhhtBWMZhFOAcM/x4P5m9R0slf5X9\nDt0cAGAx//EYQPs8b1q+nBTZ6zr6K8BayMLmpMhIdxdyxb6x0YhVOnlhj7YR6WJe\n3xyI49LdwHqTUGbnsofBGEmB3tbMiLSqJtRRb6l/wCtuaUH6K0w74kTq0XqZp8Ru\n/6cM03/NsTI3jLA7VWUmWar56Bex1wayU/5AjG42hx7qnOahvfM6a7kmUvXF0iPs\nQUNQh1wyRPul5VYNNnsqAxTKeQb4y2rEm0zdY5cviTvo3j58LvNYSreIVh80IELk\noNETS3w31MEASVv+NkXeqtZOpdCCEXG1ydVm0sB4btxZwxLDK1Rwytt5hwsCAwEA\nAQKCAgEAs7yg69bdPMNUX8YzotEZHPObtAWs+lkVnUhsySU0X3RTDJsGfkUhulw2\n4zKEyJFe1kOJio6dY0NwVbpejY3hGZZhy1UY+Tdlep+ScUdNIfvR+xNAEOTimioJ\nv38VkVy16vfG/Zkt4g11KEWOmhV+xv5tk8UPUpV0xUBPGGSd5RYIBLjHrJXvya0X\nn0y/ItJB2kQ0+Z2jJ7/YhjJi8UpGlpVs/pap9Iep6WuRjE4JI5E0WcS/0EpPTQQi\nKEBL4VG2WNTycLdc99vsUwJ7tmjvCS8M/cygtRcui61cimQ7oli0YVNW7NAJ/xEP\nC81jcgJ3h+qiIthUAKtr3H7hoTanYZGjKElcwMTTi51Y6BYLaU9FKt1XIjVi/Ofx\nEzp2iUUAmJY4d/+gqJAS7QCSbMI7vaS7E3JmXv63Kz+n5ng+tVXVpE8/lhTcCMhi\ngIuLHM/KPjOQd0nppd7TWD4ri5IuZ7jboCwzLsO3m2KZAAHXTIvFe8pjGRjR1jTa\nROnC7VRGQtPjjRTWRd5IK0h/K67o3YyJoX1hHWIRCwPVxsJLcBC+Qg2UCpEyxtYV\nZ9OQmiDy0UgnTLBjjjTWI/e1BLe7GvFHyVAgNX3ScmlrGT0dH/Vh9Pkz35qOmnid\nqNWwK+Y63CG6orBLgRvG3gohZH6uigUsaWkt9r9jo7r8K5GTzjECggEBAPzm8nyQ\nc9TybRNZ9qg+jzuT73UeFyuuBD+Qzx1Gd9s1WFhgp5NSjG9vGI5Dk8IsMb3e5srn\np2t9/0mQN+Exge6HxnbEujdEBvCbcS/75G4SMWh1O60qb51PBGvmhfQ9Da8P30BA\nLvhprRg6LhpE4mNev9Cm8qmbWjQTmQ+Tx/0dpwU6vwt9VGR/PSj7PTVTt4lZrick\nHw0azMVLsul4sHVLqqTI2qZwyqhKMGmAz9XGe3kgeL7vMSP+DuWQidj8DVjri5UZ\nlTtu9Ae+gDPcqcVxuPfUrmB7HKbS7Zb39DbVukXUR/bBKDH1G5lyDDMGl49sR8ko\ngtZxEw1wanA2WL0CggEBANBnwrNsu31HEtZy2qvW3j4Xcj7ytfPTJoFN47eYiDQF\nIcVkyoIwJRk4vZxsbhWs5HTWgZt5Ikse8ZkqceQKuuI9Fgn3UE3zxRZBTaUDJYN7\nn0EA8nG5DvyGdffeEIN3zhMoHPLKPN6bIx7pl8SiYSg0uW/KbvZldbjddhJDlxBm\nktjqiOTA8W2H10Le/byVCpAe49YSPYLWbhMgi+fSR1tfrhRJ2nog5MNQvyG8gAMt\nC9ayAgA7mD7h9l3OXMx3PHgCYlOfjb96p9+OyjxowgEszceAV1GBVPfYv5hip8AR\nhR3NERgr1+qiSUnWTWgECXSCz9fkHvwMWfNCLNR3z2cCggEAJT8OL3JG3PHnRpZV\nUWoFRkz/U0xfNTunvITjO/iI5mvw2vNBOt1JeY/vGeSx+kLwAHq3muKLMbWYx4jJ\n8gyMikjM3ekTU9hc/UqnXN3IQr3DMRMy+snpLk3Y5NtKlzH2tfWsd5X8VPGbYJoQ\n+CV1AhWOQniT/I64tjq8rCKjrY+UbZy9Tj/jEfn7U/HMjfIKcdwXXgRf3lo4FkaT\nzvbLZjsCospCCYlLD4X9o0wpT96viKNTpSstHZPpNb4XzzEv9gyavhbKd7pbjlhs\nITc6ea3KBBX6qJL5IUinXTifawQHLwmYn6rK9LCYo/y79zfdUm4sFGA3BMYafDw2\nMNiQMQKCAQAgERcgTIa8zAbWAG4tKq6flzP5A5eDoOW316hGQ64RcwizOsL+LTJI\nIzbprrVxmFy+rZLbvVPNg0Fhc+p6UDxZO1T8y5ULqYqV1g6AaW+IP6lNczvay8LG\nkFnufbjEwdZvlCiAIyYiinRo+UBk/Sc97H7r+JYCS7JFc64LOWMxHtdRkSTnLdj4\nJYK1w2H/dl9dtaMQ+VWFoEDnqIZecTiRkrNSY9q+F/mbI/2Ez2BTHMdJjbJJHuJa\nKqKh5HLa8y3WuWcvvskswU67U1lC2kufqqkvHUxSOjg8upkgdW2iXA/Deh47PePH\nMplcRyE59AUQbGBWs78gwTXF/FSxjI3ZAoIBAQD48EjSLBSKhsz3trR3r5Hc7L7A\nIDwhQIOXBJjl1hofRkE/44dxp1g6HZ8GvE7udUKE3ubF8jkhwvrYKPihhZXlcPn/\nPl6NqstXbid1mp9tfoW1lMXMnQHeOki9hiVryD9ys+xqmuH4E2qGrdBKef0JYTlv\neiAr3EE54QcDd2b656H8brp5FMHsjn/wzQhKT2eFSjF/EdiAsk+RBRKyPUixCmck\nlqNH4tZMAs15zS36qFIPD9UCNRGCp1132rk2ENGtAaCksRbrDJw9JfCYssryiucL\n7bXRTBnnt6ldZiFMiFf4U+t3L1GgWu5EM3y00lhcZF6j2KBgNko/4HWt1fKz\n-----END RSA PRIVATE KEY-----\n",
      "type": "string"
    }
  },
  "resources": [
    {
      "mode": "managed",
      "type": "aws_instance",
      "name": "caldera_server",
      "provider": "provider[\"registry.terraform.io/hashicorp/aws\"]",
      "instances": [
        {
          "schema_version": 1,
          "attributes": {
            "ami": "ami-09d56f8956ab235b3",
            "arn": "arn:aws:ec2:us-east-1:947344745710:instance/i-0817e4dc2dab01938",
            "associate_public_ip_address": true,
            "availability_zone": "us-east-1a",
            "capacity_reservation_specification": [
              {
                "capacity_reservation_preference": "open",
                "capacity_reservation_target": []
              }
            ],
            "cpu_core_count": 1,
            "cpu_threads_per_core": 2,
            "credit_specification": [
              {
                "cpu_credits": "unlimited"
              }
            ],
            "disable_api_stop": false,
            "disable_api_termination": false,
            "ebs_block_device": [],
            "ebs_optimized": false,
            "enclave_options": [
              {
                "enabled": false
              }
            ],
            "ephemeral_block_device": [],
            "get_password_data": false,
            "hibernation": false,
            "host_id": null,
            "iam_instance_profile": "",
            "id": "i-0817e4dc2dab01938",
            "instance_initiated_shutdown_behavior": "stop",
            "instance_state": "running",
            "instance_type": "t3.medium",
            "ipv6_address_count": 0,
            "ipv6_addresses": [],
            "key_name": "caldera-nodes",
            "launch_template": [],
            "maintenance_options": [
              {
                "auto_recovery": "default"
              }
            ],
            "metadata_options": [
              {
                "http_endpoint": "enabled",
                "http_put_response_hop_limit": 1,
                "http_tokens": "optional",
                "instance_metadata_tags": "disabled"
              }
            ],
            "monitoring": false,
            "network_interface": [],
            "outpost_arn": "",
            "password_data": "",
            "placement_group": "",
            "placement_partition_number": null,
            "primary_network_interface_id": "eni-073e9ffc31c7ffa50",
            "private_dns": "ip-172-23-6-95.ec2.internal",
            "private_dns_name_options": [
              {
                "enable_resource_name_dns_a_record": false,
                "enable_resource_name_dns_aaaa_record": false,
                "hostname_type": "ip-name"
              }
            ],
            "private_ip": "172.23.6.95",
            "public_dns": "ec2-3-238-18-189.compute-1.amazonaws.com",
            "public_ip": "3.238.18.189",
            "root_block_device": [
              {
                "delete_on_termination": true,
                "device_name": "/dev/sda1",
                "encrypted": false,
                "iops": 100,
                "kms_key_id": "",
                "tags": {},
                "throughput": 0,
                "volume_id": "vol-016565b61101c36a3",
                "volume_size": 8,
                "volume_type": "gp2"
              }
            ],
            "secondary_private_ips": [],
            "security_groups": [],
            "source_dest_check": true,
            "subnet_id": "subnet-0ca43fb6bb5fba4ed",
            "tags": {
              "Name": "caldera_server",
              "environment": "caldera-test"
            },
            "tags_all": {
              "Name": "caldera_server",
              "environment": "caldera-test"
            },
            "tenancy": "default",
            "timeouts": null,
            "user_data": "40871111b73dea6b5d322930f8e792b4e96fbfa4",
            "user_data_base64": null,
            "user_data_replace_on_change": false,
            "volume_tags": null,
            "vpc_security_group_ids": [
              "sg-077ef3d1f83c9825c"
            ]
          },
          "sensitive_attributes": [],
          "private": "eyJlMmJmYjczMC1lY2FhLTExZTYtOGY4OC0zNDM2M2JjN2M0YzAiOnsiY3JlYXRlIjo2MDAwMDAwMDAwMDAsImRlbGV0ZSI6MTIwMDAwMDAwMDAwMCwidXBkYXRlIjo2MDAwMDAwMDAwMDB9LCJzY2hlbWFfdmVyc2lvbiI6IjEifQ==",
          "dependencies": [
            "aws_security_group.sg_caldera_server",
            "module.aws_rsa_key.aws_key_pair.worker",
            "module.aws_rsa_key.local_file.ssh_local",
            "module.aws_rsa_key.tls_private_key.ssh_key",
            "module.vpc.aws_cloudwatch_log_group.flow_log",
            "module.vpc.aws_customer_gateway.this",
            "module.vpc.aws_db_subnet_group.database",
            "module.vpc.aws_default_network_acl.this",
            "module.vpc.aws_default_route_table.default",
            "module.vpc.aws_default_security_group.this",
            "module.vpc.aws_default_vpc.this",
            "module.vpc.aws_egress_only_internet_gateway.this",
            "module.vpc.aws_eip.nat",
            "module.vpc.aws_elasticache_subnet_group.elasticache",
            "module.vpc.aws_flow_log.this",
            "module.vpc.aws_iam_policy.vpc_flow_log_cloudwatch",
            "module.vpc.aws_iam_role.vpc_flow_log_cloudwatch",
            "module.vpc.aws_iam_role_policy_attachment.vpc_flow_log_cloudwatch",
            "module.vpc.aws_internet_gateway.this",
            "module.vpc.aws_nat_gateway.this",
            "module.vpc.aws_network_acl.database",
            "module.vpc.aws_network_acl.elasticache",
            "module.vpc.aws_network_acl.intra",
            "module.vpc.aws_network_acl.outpost",
            "module.vpc.aws_network_acl.private",
            "module.vpc.aws_network_acl.public",
            "module.vpc.aws_network_acl.redshift",
            "module.vpc.aws_network_acl_rule.database_inbound",
            "module.vpc.aws_network_acl_rule.database_outbound",
            "module.vpc.aws_network_acl_rule.elasticache_inbound",
            "module.vpc.aws_network_acl_rule.elasticache_outbound",
            "module.vpc.aws_network_acl_rule.intra_inbound",
            "module.vpc.aws_network_acl_rule.intra_outbound",
            "module.vpc.aws_network_acl_rule.outpost_inbound",
            "module.vpc.aws_network_acl_rule.outpost_outbound",
            "module.vpc.aws_network_acl_rule.private_inbound",
            "module.vpc.aws_network_acl_rule.private_outbound",
            "module.vpc.aws_network_acl_rule.public_inbound",
            "module.vpc.aws_network_acl_rule.public_outbound",
            "module.vpc.aws_network_acl_rule.redshift_inbound",
            "module.vpc.aws_network_acl_rule.redshift_outbound",
            "module.vpc.aws_redshift_subnet_group.redshift",
            "module.vpc.aws_route.database_internet_gateway",
            "module.vpc.aws_route.database_ipv6_egress",
            "module.vpc.aws_route.database_nat_gateway",
            "module.vpc.aws_route.private_ipv6_egress",
            "module.vpc.aws_route.private_nat_gateway",
            "module.vpc.aws_route.public_internet_gateway",
            "module.vpc.aws_route.public_internet_gateway_ipv6",
            "module.vpc.aws_route_table.database",
            "module.vpc.aws_route_table.elasticache",
            "module.vpc.aws_route_table.intra",
            "module.vpc.aws_route_table.private",
            "module.vpc.aws_route_table.public",
            "module.vpc.aws_route_table.redshift",
            "module.vpc.aws_route_table_association.database",
            "module.vpc.aws_route_table_association.elasticache",
            "module.vpc.aws_route_table_association.intra",
            "module.vpc.aws_route_table_association.outpost",
            "module.vpc.aws_route_table_association.private",
            "module.vpc.aws_route_table_association.public",
            "module.vpc.aws_route_table_association.redshift",
            "module.vpc.aws_route_table_association.redshift_public",
            "module.vpc.aws_subnet.database",
            "module.vpc.aws_subnet.elasticache",
            "module.vpc.aws_subnet.intra",
            "module.vpc.aws_subnet.outpost",
            "module.vpc.aws_subnet.private",
            "module.vpc.aws_subnet.public",
            "module.vpc.aws_subnet.redshift",
            "module.vpc.aws_vpc.this",
            "module.vpc.aws_vpc_dhcp_options.this",
            "module.vpc.aws_vpc_dhcp_options_association.this",
            "module.vpc.aws_vpc_ipv4_cidr_block_association.this",
            "module.vpc.aws_vpn_gateway.this",
            "module.vpc.aws_vpn_gateway_attachment.this",
            "module.vpc.aws_vpn_gateway_route_propagation.intra",
            "module.vpc.aws_vpn_gateway_route_propagation.private",
            "module.vpc.aws_vpn_gateway_route_propagation.public",
            "module.vpc.data.aws_iam_policy_document.flow_log_cloudwatch_assume_role",
            "module.vpc.data.aws_iam_policy_document.vpc_flow_log_cloudwatch"
          ]
        }
      ]
    },
    {
      "mode": "managed",
      "type": "aws_security_group",
      "name": "sg_caldera_server",
      "provider": "provider[\"registry.terraform.io/hashicorp/aws\"]",
      "instances": [
        {
          "schema_version": 1,
          "attributes": {
            "arn": "arn:aws:ec2:us-east-1:947344745710:security-group/sg-077ef3d1f83c9825c",
            "description": "Allow ports for caldera server",
            "egress": [
              {
                "cidr_blocks": [
                  "0.0.0.0/0"
                ],
                "description": "",
                "from_port": 0,
                "ipv6_cidr_blocks": [],
                "prefix_list_ids": [],
                "protocol": "-1",
                "security_groups": [],
                "self": false,
                "to_port": 0
              }
            ],
            "id": "sg-077ef3d1f83c9825c",
            "ingress": [
              {
                "cidr_blocks": [
                  "0.0.0.0/0"
                ],
                "description": "Caldera server port",
                "from_port": 2288,
                "ipv6_cidr_blocks": [],
                "prefix_list_ids": [],
                "protocol": "tcp",
                "security_groups": [],
                "self": false,
                "to_port": 2288
              },
              {
                "cidr_blocks": [
                  "0.0.0.0/0"
                ],
                "description": "SSH from VPC",
                "from_port": 22,
                "ipv6_cidr_blocks": [],
                "prefix_list_ids": [],
                "protocol": "tcp",
                "security_groups": [],
                "self": false,
                "to_port": 22
              }
            ],
            "name": "sg_caldera_linux",
            "name_prefix": "",
            "owner_id": "947344745710",
            "revoke_rules_on_delete": false,
            "tags": {
              "environment": "caldera-test"
            },
            "tags_all": {
              "environment": "caldera-test"
            },
            "timeouts": null,
            "vpc_id": "vpc-0afaf8b8a8169f32b"
          },
          "sensitive_attributes": [],
          "private": "eyJlMmJmYjczMC1lY2FhLTExZTYtOGY4OC0zNDM2M2JjN2M0YzAiOnsiY3JlYXRlIjo2MDAwMDAwMDAwMDAsImRlbGV0ZSI6OTAwMDAwMDAwMDAwfSwic2NoZW1hX3ZlcnNpb24iOiIxIn0=",
          "dependencies": [
            "module.vpc.aws_vpc.this"
          ]
        }
      ]
    },
    {
      "module": "module.aws_rsa_key",
      "mode": "managed",
      "type": "aws_key_pair",
      "name": "worker",
      "provider": "provider[\"registry.terraform.io/hashicorp/aws\"]",
      "instances": [
        {
          "schema_version": 1,
          "attributes": {
            "arn": "arn:aws:ec2:us-east-1:947344745710:key-pair/caldera-nodes",
            "fingerprint": "ee:f7:61:ee:20:17:5d:91:1a:a1:13:5d:b2:61:b9:aa",
            "id": "caldera-nodes",
            "key_name": "caldera-nodes",
            "key_name_prefix": "",
            "key_pair_id": "key-09891feab1b02727d",
            "key_type": "rsa",
            "public_key": "ssh-rsa AAAAB3NzaC1yc2EAAAADAQABAAACAQDN4iZJCiTU8xeFxSZQiwLhuq9gyb9fF0IGvRlAcxtlOUHOHEY8h0VcPpyey3qj2GhXkPYxRerMsywYo60GnXnarlItFFMAh5ZXRiMQwEk1GQw10u4BJlNhlxVL09C3WrqwjPifk6mtBfKMdJ3SCgI4tJKXlmrUcwsr3PnIn4hX7mAtP76XBzSbzbaV12IRkFtn7qvvAkR7nXTWJC0njOrJPfN4vtPw7/cy/P9dM1QClnc64SR4o96iuThDYMO8lh/jILkEIiydk1Ns6UXr4seNFo1J042kKpO4/9S44wqm2BLNO1vg7MgOgsUqRHSVQfN24JuOQM1vOQiQTb1ChKSGG0FYxmEU4Bwz/Hg/mb1HSyV/lf0O3RwAYDH/8RhA+zxvWr6cFNnrOvorwFrIwuakyEh3F3LFvrHRiFU6eWGPthHpYl7fHIjj0t3AepNQZueyh8EYSYHe1syItKom1FFvqX/AK25pQforTDviROrRepmnxG7/pwzTf82xMjeMsDtVZSZZqvnoF7HXBrJT/kCMbjaHHuqc5qG98zpruSZS9cXSI+xBQ1CHXDJE+6XlVg02eyoDFMp5BvjLasSbTN1jly+JO+jePnwu81hKt4hWHzQgQuSg0RNLfDfUwQBJW/42Rd6q1k6l0IIRcbXJ1WbSwHhu3FnDEsMrVHDK23mHCw==",
            "tags": {},
            "tags_all": {}
          },
          "sensitive_attributes": [],
          "private": "eyJzY2hlbWFfdmVyc2lvbiI6IjEifQ==",
          "dependencies": [
            "module.aws_rsa_key.tls_private_key.ssh_key",
            "module.vpc.aws_cloudwatch_log_group.flow_log",
            "module.vpc.aws_customer_gateway.this",
            "module.vpc.aws_db_subnet_group.database",
            "module.vpc.aws_default_network_acl.this",
            "module.vpc.aws_default_route_table.default",
            "module.vpc.aws_default_security_group.this",
            "module.vpc.aws_default_vpc.this",
            "module.vpc.aws_egress_only_internet_gateway.this",
            "module.vpc.aws_eip.nat",
            "module.vpc.aws_elasticache_subnet_group.elasticache",
            "module.vpc.aws_flow_log.this",
            "module.vpc.aws_iam_policy.vpc_flow_log_cloudwatch",
            "module.vpc.aws_iam_role.vpc_flow_log_cloudwatch",
            "module.vpc.aws_iam_role_policy_attachment.vpc_flow_log_cloudwatch",
            "module.vpc.aws_internet_gateway.this",
            "module.vpc.aws_nat_gateway.this",
            "module.vpc.aws_network_acl.database",
            "module.vpc.aws_network_acl.elasticache",
            "module.vpc.aws_network_acl.intra",
            "module.vpc.aws_network_acl.outpost",
            "module.vpc.aws_network_acl.private",
            "module.vpc.aws_network_acl.public",
            "module.vpc.aws_network_acl.redshift",
            "module.vpc.aws_network_acl_rule.database_inbound",
            "module.vpc.aws_network_acl_rule.database_outbound",
            "module.vpc.aws_network_acl_rule.elasticache_inbound",
            "module.vpc.aws_network_acl_rule.elasticache_outbound",
            "module.vpc.aws_network_acl_rule.intra_inbound",
            "module.vpc.aws_network_acl_rule.intra_outbound",
            "module.vpc.aws_network_acl_rule.outpost_inbound",
            "module.vpc.aws_network_acl_rule.outpost_outbound",
            "module.vpc.aws_network_acl_rule.private_inbound",
            "module.vpc.aws_network_acl_rule.private_outbound",
            "module.vpc.aws_network_acl_rule.public_inbound",
            "module.vpc.aws_network_acl_rule.public_outbound",
            "module.vpc.aws_network_acl_rule.redshift_inbound",
            "module.vpc.aws_network_acl_rule.redshift_outbound",
            "module.vpc.aws_redshift_subnet_group.redshift",
            "module.vpc.aws_route.database_internet_gateway",
            "module.vpc.aws_route.database_ipv6_egress",
            "module.vpc.aws_route.database_nat_gateway",
            "module.vpc.aws_route.private_ipv6_egress",
            "module.vpc.aws_route.private_nat_gateway",
            "module.vpc.aws_route.public_internet_gateway",
            "module.vpc.aws_route.public_internet_gateway_ipv6",
            "module.vpc.aws_route_table.database",
            "module.vpc.aws_route_table.elasticache",
            "module.vpc.aws_route_table.intra",
            "module.vpc.aws_route_table.private",
            "module.vpc.aws_route_table.public",
            "module.vpc.aws_route_table.redshift",
            "module.vpc.aws_route_table_association.database",
            "module.vpc.aws_route_table_association.elasticache",
            "module.vpc.aws_route_table_association.intra",
            "module.vpc.aws_route_table_association.outpost",
            "module.vpc.aws_route_table_association.private",
            "module.vpc.aws_route_table_association.public",
            "module.vpc.aws_route_table_association.redshift",
            "module.vpc.aws_route_table_association.redshift_public",
            "module.vpc.aws_subnet.database",
            "module.vpc.aws_subnet.elasticache",
            "module.vpc.aws_subnet.intra",
            "module.vpc.aws_subnet.outpost",
            "module.vpc.aws_subnet.private",
            "module.vpc.aws_subnet.public",
            "module.vpc.aws_subnet.redshift",
            "module.vpc.aws_vpc.this",
            "module.vpc.aws_vpc_dhcp_options.this",
            "module.vpc.aws_vpc_dhcp_options_association.this",
            "module.vpc.aws_vpc_ipv4_cidr_block_association.this",
            "module.vpc.aws_vpn_gateway.this",
            "module.vpc.aws_vpn_gateway_attachment.this",
            "module.vpc.aws_vpn_gateway_route_propagation.intra",
            "module.vpc.aws_vpn_gateway_route_propagation.private",
            "module.vpc.aws_vpn_gateway_route_propagation.public",
            "module.vpc.data.aws_iam_policy_document.flow_log_cloudwatch_assume_role",
            "module.vpc.data.aws_iam_policy_document.vpc_flow_log_cloudwatch"
          ]
        }
      ]
    },
    {
      "module": "module.aws_rsa_key",
      "mode": "managed",
      "type": "tls_private_key",
      "name": "ssh_key",
      "provider": "provider[\"registry.terraform.io/hashicorp/tls\"]",
      "instances": [
        {
          "schema_version": 0,
          "attributes": {
            "algorithm": "RSA",
            "ecdsa_curve": "P224",
            "id": "54c8c72e7db9d9e27927ab855f97721990424cd4",
            "private_key_openssh": "-----BEGIN OPENSSH PRIVATE KEY-----\nb3BlbnNzaC1rZXktdjEAAAAABG5vbmUAAAAEbm9uZQAAAAAAAAABAAACFwAAAAdz\nc2gtcnNhAAAAAwEAAQAAAgEAzeImSQok1PMXhcUmUIsC4bqvYMm/XxdCBr0ZQHMb\nZTlBzhxGPIdFXD6cnst6o9hoV5D2MUXqzLMsGKOtBp152q5SLRRTAIeWV0YjEMBJ\nNRkMNdLuASZTYZcVS9PQt1q6sIz4n5OprQXyjHSd0goCOLSSl5Zq1HMLK9z5yJ+I\nV+5gLT++lwc0m822lddiEZBbZ+6r7wJEe5101iQtJ4zqyT3zeL7T8O/3Mvz/XTNU\nApZ3OuEkeKPeork4Q2DDvJYf4yC5BCIsnZNTbOlF6+LHjRaNSdONpCqTuP/UuOMK\nptgSzTtb4OzIDoLFKkR0lUHzduCbjkDNbzkIkE29QoSkhhtBWMZhFOAcM/x4P5m9\nR0slf5X9Dt0cAGAx//EYQPs8b1q+nBTZ6zr6K8BayMLmpMhIdxdyxb6x0YhVOnlh\nj7YR6WJe3xyI49LdwHqTUGbnsofBGEmB3tbMiLSqJtRRb6l/wCtuaUH6K0w74kTq\n0XqZp8Ru/6cM03/NsTI3jLA7VWUmWar56Bex1wayU/5AjG42hx7qnOahvfM6a7km\nUvXF0iPsQUNQh1wyRPul5VYNNnsqAxTKeQb4y2rEm0zdY5cviTvo3j58LvNYSreI\nVh80IELkoNETS3w31MEASVv+NkXeqtZOpdCCEXG1ydVm0sB4btxZwxLDK1Rwytt5\nhwsAAAc40AaaetAGmnoAAAAHc3NoLXJzYQAAAgEAzeImSQok1PMXhcUmUIsC4bqv\nYMm/XxdCBr0ZQHMbZTlBzhxGPIdFXD6cnst6o9hoV5D2MUXqzLMsGKOtBp152q5S\nLRRTAIeWV0YjEMBJNRkMNdLuASZTYZcVS9PQt1q6sIz4n5OprQXyjHSd0goCOLSS\nl5Zq1HMLK9z5yJ+IV+5gLT++lwc0m822lddiEZBbZ+6r7wJEe5101iQtJ4zqyT3z\neL7T8O/3Mvz/XTNUApZ3OuEkeKPeork4Q2DDvJYf4yC5BCIsnZNTbOlF6+LHjRaN\nSdONpCqTuP/UuOMKptgSzTtb4OzIDoLFKkR0lUHzduCbjkDNbzkIkE29QoSkhhtB\nWMZhFOAcM/x4P5m9R0slf5X9Dt0cAGAx//EYQPs8b1q+nBTZ6zr6K8BayMLmpMhI\ndxdyxb6x0YhVOnlhj7YR6WJe3xyI49LdwHqTUGbnsofBGEmB3tbMiLSqJtRRb6l/\nwCtuaUH6K0w74kTq0XqZp8Ru/6cM03/NsTI3jLA7VWUmWar56Bex1wayU/5AjG42\nhx7qnOahvfM6a7kmUvXF0iPsQUNQh1wyRPul5VYNNnsqAxTKeQb4y2rEm0zdY5cv\niTvo3j58LvNYSreIVh80IELkoNETS3w31MEASVv+NkXeqtZOpdCCEXG1ydVm0sB4\nbtxZwxLDK1Rwytt5hwsAAAADAQABAAACAQCzvKDr1t08w1RfxjOi0Rkc85u0Baz6\nWRWdSGzJJTRfdFMMmwZ+RSG6XDbjMoTIkV7WQ4mKjp1jQ3BVul6NjeEZlmHLVRj5\nN2V6n5JxR00h+9H7E0AQ5OKaKgm/fxWRXLXq98b9mS3iDXUoRY6aFX7G/m2TxQ9S\nlXTFQE8YZJ3lFggEuMesle/JrRefTL8i0kHaRDT5naMnv9iGMmLxSkaWlWz+lqn0\nh6npa5GMTgkjkTRZxL/QSk9NBCIoQEvhUbZY1PJwt1z32+xTAnu2aO8JLwz9zKC1\nFy6LrVyKZDuiWLRhU1bs0An/EQ8LzWNyAneH6qIi2FQAq2vcfuGhNqdhkaMoSVzA\nxNOLnVjoFgtpT0Uq3VciNWL85/ETOnaJRQCYljh3/6CokBLtAJJswju9pLsTcmZe\n/rcrP6fmeD61VdWkTz+WFNwIyGKAi4scz8o+M5B3Seml3tNYPiuLki5nuNugLDMu\nw7ebYpkAAddMi8V7ymMZGNHWNNpE6cLtVEZC0+ONFNZF3kgrSH8rrujdjImhfWEd\nYhELA9XGwktwEL5CDZQKkTLG1hVn05CaIPLRSCdMsGOONNYj97UEt7sa8UfJUCA1\nfdJyaWsZPR0f9WH0+TPfmo6aeJ2o1bAr5jrcIbqisEuBG8beCiFkfq6KBSxpaS32\nv2OjuvwrkZPOMQAAAQEA+PBI0iwUiobM97a0d6+R3Oy+wCA8IUCDlwSY5dYaH0ZB\nP+OHcadYOh2fBrxO7nVChN7mxfI5IcL62Cj4oYWV5XD5/z5ejarLV24ndZqfbX6F\ntZTFzJ0B3jpIvYYla8g/crPsaprh+BNqhq3QSnn9CWE5b3ogK9xBOeEHA3dm+ueh\n/G66eRTB7I5/8M0ISk9nhUoxfxHYgLJPkQUSsj1IsQpnJJajR+LWTALNec0t+qhS\nDw/VAjURgqddd9q5NhDRrQGgpLEW6wycPSXwmLLK8ornC+210UwZ57epXWYhTIhX\n+FPrdy9RoFruRDN8tNJYXGReo9igYDZKP+B1rdXyswAAAQEA/ObyfJBz1PJtE1n2\nqD6PO5PvdR4XK64EP5DPHUZ32zVYWGCnk1KMb28YjkOTwiwxvd7myuena33/SZA3\n4TGB7ofGdsS6N0QG8JtxL/vkbhIxaHU7rSpvnU8Ea+aF9D0Nrw/fQEAu+GmtGDou\nGkTiY16/0KbyqZtaNBOZD5PH/R2nBTq/C31UZH89KPs9NVO3iVmuJyQfDRrMxUuy\n6XiwdUuqpMjapnDKqEowaYDP1cZ7eSB4vu8xI/4O5ZCJ2PwNWOuLlRmVO270B76A\nM9ypxXG499SuYHscptLtlvf0NtW6RdRH9sEoMfUbmXIMMwaXj2xHySiC1nETDXBq\ncDZYvQAAAQEA0GfCs2y7fUcS1nLaq9bePhdyPvK189MmgU3jt5iINAUhxWTKgjAl\nGTi9nGxuFazkdNaBm3kiSx7xmSpx5Aq64j0WCfdQTfPFFkFNpQMlg3ufQQDycbkO\n/IZ1994Qg3fOEygc8so83psjHumXxKJhKDS5b8pu9mV1uN12EkOXEGaS2OqI5MDx\nbYfXQt79vJUKkB7j1hI9gtZuEyCL59JHW1+uFEnaeiDkw1C/IbyAAy0L1rICADuY\nPuH2Xc5czHc8eAJiU5+Nv3qn347KPGjCASzNx4BXUYFU99i/mGKnwBGFHc0RGCvX\n6qJJSdZNaAQJdILP1+Qe/AxZ80Is1HfPZwAAAAAB\n-----END OPENSSH PRIVATE KEY-----\n",
            "private_key_pem": "-----BEGIN RSA PRIVATE KEY-----\nMIIJKQIBAAKCAgEAzeImSQok1PMXhcUmUIsC4bqvYMm/XxdCBr0ZQHMbZTlBzhxG\nPIdFXD6cnst6o9hoV5D2MUXqzLMsGKOtBp152q5SLRRTAIeWV0YjEMBJNRkMNdLu\nASZTYZcVS9PQt1q6sIz4n5OprQXyjHSd0goCOLSSl5Zq1HMLK9z5yJ+IV+5gLT++\nlwc0m822lddiEZBbZ+6r7wJEe5101iQtJ4zqyT3zeL7T8O/3Mvz/XTNUApZ3OuEk\neKPeork4Q2DDvJYf4yC5BCIsnZNTbOlF6+LHjRaNSdONpCqTuP/UuOMKptgSzTtb\n4OzIDoLFKkR0lUHzduCbjkDNbzkIkE29QoSkhhtBWMZhFOAcM/x4P5m9R0slf5X9\nDt0cAGAx//EYQPs8b1q+nBTZ6zr6K8BayMLmpMhIdxdyxb6x0YhVOnlhj7YR6WJe\n3xyI49LdwHqTUGbnsofBGEmB3tbMiLSqJtRRb6l/wCtuaUH6K0w74kTq0XqZp8Ru\n/6cM03/NsTI3jLA7VWUmWar56Bex1wayU/5AjG42hx7qnOahvfM6a7kmUvXF0iPs\nQUNQh1wyRPul5VYNNnsqAxTKeQb4y2rEm0zdY5cviTvo3j58LvNYSreIVh80IELk\noNETS3w31MEASVv+NkXeqtZOpdCCEXG1ydVm0sB4btxZwxLDK1Rwytt5hwsCAwEA\nAQKCAgEAs7yg69bdPMNUX8YzotEZHPObtAWs+lkVnUhsySU0X3RTDJsGfkUhulw2\n4zKEyJFe1kOJio6dY0NwVbpejY3hGZZhy1UY+Tdlep+ScUdNIfvR+xNAEOTimioJ\nv38VkVy16vfG/Zkt4g11KEWOmhV+xv5tk8UPUpV0xUBPGGSd5RYIBLjHrJXvya0X\nn0y/ItJB2kQ0+Z2jJ7/YhjJi8UpGlpVs/pap9Iep6WuRjE4JI5E0WcS/0EpPTQQi\nKEBL4VG2WNTycLdc99vsUwJ7tmjvCS8M/cygtRcui61cimQ7oli0YVNW7NAJ/xEP\nC81jcgJ3h+qiIthUAKtr3H7hoTanYZGjKElcwMTTi51Y6BYLaU9FKt1XIjVi/Ofx\nEzp2iUUAmJY4d/+gqJAS7QCSbMI7vaS7E3JmXv63Kz+n5ng+tVXVpE8/lhTcCMhi\ngIuLHM/KPjOQd0nppd7TWD4ri5IuZ7jboCwzLsO3m2KZAAHXTIvFe8pjGRjR1jTa\nROnC7VRGQtPjjRTWRd5IK0h/K67o3YyJoX1hHWIRCwPVxsJLcBC+Qg2UCpEyxtYV\nZ9OQmiDy0UgnTLBjjjTWI/e1BLe7GvFHyVAgNX3ScmlrGT0dH/Vh9Pkz35qOmnid\nqNWwK+Y63CG6orBLgRvG3gohZH6uigUsaWkt9r9jo7r8K5GTzjECggEBAPzm8nyQ\nc9TybRNZ9qg+jzuT73UeFyuuBD+Qzx1Gd9s1WFhgp5NSjG9vGI5Dk8IsMb3e5srn\np2t9/0mQN+Exge6HxnbEujdEBvCbcS/75G4SMWh1O60qb51PBGvmhfQ9Da8P30BA\nLvhprRg6LhpE4mNev9Cm8qmbWjQTmQ+Tx/0dpwU6vwt9VGR/PSj7PTVTt4lZrick\nHw0azMVLsul4sHVLqqTI2qZwyqhKMGmAz9XGe3kgeL7vMSP+DuWQidj8DVjri5UZ\nlTtu9Ae+gDPcqcVxuPfUrmB7HKbS7Zb39DbVukXUR/bBKDH1G5lyDDMGl49sR8ko\ngtZxEw1wanA2WL0CggEBANBnwrNsu31HEtZy2qvW3j4Xcj7ytfPTJoFN47eYiDQF\nIcVkyoIwJRk4vZxsbhWs5HTWgZt5Ikse8ZkqceQKuuI9Fgn3UE3zxRZBTaUDJYN7\nn0EA8nG5DvyGdffeEIN3zhMoHPLKPN6bIx7pl8SiYSg0uW/KbvZldbjddhJDlxBm\nktjqiOTA8W2H10Le/byVCpAe49YSPYLWbhMgi+fSR1tfrhRJ2nog5MNQvyG8gAMt\nC9ayAgA7mD7h9l3OXMx3PHgCYlOfjb96p9+OyjxowgEszceAV1GBVPfYv5hip8AR\nhR3NERgr1+qiSUnWTWgECXSCz9fkHvwMWfNCLNR3z2cCggEAJT8OL3JG3PHnRpZV\nUWoFRkz/U0xfNTunvITjO/iI5mvw2vNBOt1JeY/vGeSx+kLwAHq3muKLMbWYx4jJ\n8gyMikjM3ekTU9hc/UqnXN3IQr3DMRMy+snpLk3Y5NtKlzH2tfWsd5X8VPGbYJoQ\n+CV1AhWOQniT/I64tjq8rCKjrY+UbZy9Tj/jEfn7U/HMjfIKcdwXXgRf3lo4FkaT\nzvbLZjsCospCCYlLD4X9o0wpT96viKNTpSstHZPpNb4XzzEv9gyavhbKd7pbjlhs\nITc6ea3KBBX6qJL5IUinXTifawQHLwmYn6rK9LCYo/y79zfdUm4sFGA3BMYafDw2\nMNiQMQKCAQAgERcgTIa8zAbWAG4tKq6flzP5A5eDoOW316hGQ64RcwizOsL+LTJI\nIzbprrVxmFy+rZLbvVPNg0Fhc+p6UDxZO1T8y5ULqYqV1g6AaW+IP6lNczvay8LG\nkFnufbjEwdZvlCiAIyYiinRo+UBk/Sc97H7r+JYCS7JFc64LOWMxHtdRkSTnLdj4\nJYK1w2H/dl9dtaMQ+VWFoEDnqIZecTiRkrNSY9q+F/mbI/2Ez2BTHMdJjbJJHuJa\nKqKh5HLa8y3WuWcvvskswU67U1lC2kufqqkvHUxSOjg8upkgdW2iXA/Deh47PePH\nMplcRyE59AUQbGBWs78gwTXF/FSxjI3ZAoIBAQD48EjSLBSKhsz3trR3r5Hc7L7A\nIDwhQIOXBJjl1hofRkE/44dxp1g6HZ8GvE7udUKE3ubF8jkhwvrYKPihhZXlcPn/\nPl6NqstXbid1mp9tfoW1lMXMnQHeOki9hiVryD9ys+xqmuH4E2qGrdBKef0JYTlv\neiAr3EE54QcDd2b656H8brp5FMHsjn/wzQhKT2eFSjF/EdiAsk+RBRKyPUixCmck\nlqNH4tZMAs15zS36qFIPD9UCNRGCp1132rk2ENGtAaCksRbrDJw9JfCYssryiucL\n7bXRTBnnt6ldZiFMiFf4U+t3L1GgWu5EM3y00lhcZF6j2KBgNko/4HWt1fKz\n-----END RSA PRIVATE KEY-----\n",
            "public_key_fingerprint_md5": "b7:d2:db:35:d3:be:0e:ea:88:f0:c5:fd:3c:52:98:84",
            "public_key_fingerprint_sha256": "SHA256:fphlLGXhkHluBnjF007Z72h0S4u94LF9vAmKa2J9KAU",
            "public_key_openssh": "ssh-rsa AAAAB3NzaC1yc2EAAAADAQABAAACAQDN4iZJCiTU8xeFxSZQiwLhuq9gyb9fF0IGvRlAcxtlOUHOHEY8h0VcPpyey3qj2GhXkPYxRerMsywYo60GnXnarlItFFMAh5ZXRiMQwEk1GQw10u4BJlNhlxVL09C3WrqwjPifk6mtBfKMdJ3SCgI4tJKXlmrUcwsr3PnIn4hX7mAtP76XBzSbzbaV12IRkFtn7qvvAkR7nXTWJC0njOrJPfN4vtPw7/cy/P9dM1QClnc64SR4o96iuThDYMO8lh/jILkEIiydk1Ns6UXr4seNFo1J042kKpO4/9S44wqm2BLNO1vg7MgOgsUqRHSVQfN24JuOQM1vOQiQTb1ChKSGG0FYxmEU4Bwz/Hg/mb1HSyV/lf0O3RwAYDH/8RhA+zxvWr6cFNnrOvorwFrIwuakyEh3F3LFvrHRiFU6eWGPthHpYl7fHIjj0t3AepNQZueyh8EYSYHe1syItKom1FFvqX/AK25pQforTDviROrRepmnxG7/pwzTf82xMjeMsDtVZSZZqvnoF7HXBrJT/kCMbjaHHuqc5qG98zpruSZS9cXSI+xBQ1CHXDJE+6XlVg02eyoDFMp5BvjLasSbTN1jly+JO+jePnwu81hKt4hWHzQgQuSg0RNLfDfUwQBJW/42Rd6q1k6l0IIRcbXJ1WbSwHhu3FnDEsMrVHDK23mHCw==\n",
            "public_key_pem": "-----BEGIN PUBLIC KEY-----\nMIICIjANBgkqhkiG9w0BAQEFAAOCAg8AMIICCgKCAgEAzeImSQok1PMXhcUmUIsC\n4bqvYMm/XxdCBr0ZQHMbZTlBzhxGPIdFXD6cnst6o9hoV5D2MUXqzLMsGKOtBp15\n2q5SLRRTAIeWV0YjEMBJNRkMNdLuASZTYZcVS9PQt1q6sIz4n5OprQXyjHSd0goC\nOLSSl5Zq1HMLK9z5yJ+IV+5gLT++lwc0m822lddiEZBbZ+6r7wJEe5101iQtJ4zq\nyT3zeL7T8O/3Mvz/XTNUApZ3OuEkeKPeork4Q2DDvJYf4yC5BCIsnZNTbOlF6+LH\njRaNSdONpCqTuP/UuOMKptgSzTtb4OzIDoLFKkR0lUHzduCbjkDNbzkIkE29QoSk\nhhtBWMZhFOAcM/x4P5m9R0slf5X9Dt0cAGAx//EYQPs8b1q+nBTZ6zr6K8BayMLm\npMhIdxdyxb6x0YhVOnlhj7YR6WJe3xyI49LdwHqTUGbnsofBGEmB3tbMiLSqJtRR\nb6l/wCtuaUH6K0w74kTq0XqZp8Ru/6cM03/NsTI3jLA7VWUmWar56Bex1wayU/5A\njG42hx7qnOahvfM6a7kmUvXF0iPsQUNQh1wyRPul5VYNNnsqAxTKeQb4y2rEm0zd\nY5cviTvo3j58LvNYSreIVh80IELkoNETS3w31MEASVv+NkXeqtZOpdCCEXG1ydVm\n0sB4btxZwxLDK1Rwytt5hwsCAwEAAQ==\n-----END PUBLIC KEY-----\n",
            "rsa_bits": 4096
          },
          "sensitive_attributes": [],
          "private": "bnVsbA==",
          "dependencies": [
            "module.vpc.aws_cloudwatch_log_group.flow_log",
            "module.vpc.aws_customer_gateway.this",
            "module.vpc.aws_db_subnet_group.database",
            "module.vpc.aws_default_network_acl.this",
            "module.vpc.aws_default_route_table.default",
            "module.vpc.aws_default_security_group.this",
            "module.vpc.aws_default_vpc.this",
            "module.vpc.aws_egress_only_internet_gateway.this",
            "module.vpc.aws_eip.nat",
            "module.vpc.aws_elasticache_subnet_group.elasticache",
            "module.vpc.aws_flow_log.this",
            "module.vpc.aws_iam_policy.vpc_flow_log_cloudwatch",
            "module.vpc.aws_iam_role.vpc_flow_log_cloudwatch",
            "module.vpc.aws_iam_role_policy_attachment.vpc_flow_log_cloudwatch",
            "module.vpc.aws_internet_gateway.this",
            "module.vpc.aws_nat_gateway.this",
            "module.vpc.aws_network_acl.database",
            "module.vpc.aws_network_acl.elasticache",
            "module.vpc.aws_network_acl.intra",
            "module.vpc.aws_network_acl.outpost",
            "module.vpc.aws_network_acl.private",
            "module.vpc.aws_network_acl.public",
            "module.vpc.aws_network_acl.redshift",
            "module.vpc.aws_network_acl_rule.database_inbound",
            "module.vpc.aws_network_acl_rule.database_outbound",
            "module.vpc.aws_network_acl_rule.elasticache_inbound",
            "module.vpc.aws_network_acl_rule.elasticache_outbound",
            "module.vpc.aws_network_acl_rule.intra_inbound",
            "module.vpc.aws_network_acl_rule.intra_outbound",
            "module.vpc.aws_network_acl_rule.outpost_inbound",
            "module.vpc.aws_network_acl_rule.outpost_outbound",
            "module.vpc.aws_network_acl_rule.private_inbound",
            "module.vpc.aws_network_acl_rule.private_outbound",
            "module.vpc.aws_network_acl_rule.public_inbound",
            "module.vpc.aws_network_acl_rule.public_outbound",
            "module.vpc.aws_network_acl_rule.redshift_inbound",
            "module.vpc.aws_network_acl_rule.redshift_outbound",
            "module.vpc.aws_redshift_subnet_group.redshift",
            "module.vpc.aws_route.database_internet_gateway",
            "module.vpc.aws_route.database_ipv6_egress",
            "module.vpc.aws_route.database_nat_gateway",
            "module.vpc.aws_route.private_ipv6_egress",
            "module.vpc.aws_route.private_nat_gateway",
            "module.vpc.aws_route.public_internet_gateway",
            "module.vpc.aws_route.public_internet_gateway_ipv6",
            "module.vpc.aws_route_table.database",
            "module.vpc.aws_route_table.elasticache",
            "module.vpc.aws_route_table.intra",
            "module.vpc.aws_route_table.private",
            "module.vpc.aws_route_table.public",
            "module.vpc.aws_route_table.redshift",
            "module.vpc.aws_route_table_association.database",
            "module.vpc.aws_route_table_association.elasticache",
            "module.vpc.aws_route_table_association.intra",
            "module.vpc.aws_route_table_association.outpost",
            "module.vpc.aws_route_table_association.private",
            "module.vpc.aws_route_table_association.public",
            "module.vpc.aws_route_table_association.redshift",
            "module.vpc.aws_route_table_association.redshift_public",
            "module.vpc.aws_subnet.database",
            "module.vpc.aws_subnet.elasticache",
            "module.vpc.aws_subnet.intra",
            "module.vpc.aws_subnet.outpost",
            "module.vpc.aws_subnet.private",
            "module.vpc.aws_subnet.public",
            "module.vpc.aws_subnet.redshift",
            "module.vpc.aws_vpc.this",
            "module.vpc.aws_vpc_dhcp_options.this",
            "module.vpc.aws_vpc_dhcp_options_association.this",
            "module.vpc.aws_vpc_ipv4_cidr_block_association.this",
            "module.vpc.aws_vpn_gateway.this",
            "module.vpc.aws_vpn_gateway_attachment.this",
            "module.vpc.aws_vpn_gateway_route_propagation.intra",
            "module.vpc.aws_vpn_gateway_route_propagation.private",
            "module.vpc.aws_vpn_gateway_route_propagation.public",
            "module.vpc.data.aws_iam_policy_document.flow_log_cloudwatch_assume_role",
            "module.vpc.data.aws_iam_policy_document.vpc_flow_log_cloudwatch"
          ]
        }
      ]
    },
    {
      "module": "module.vpc",
      "mode": "managed",
      "type": "aws_eip",
      "name": "nat",
      "provider": "provider[\"registry.terraform.io/hashicorp/aws\"]",
      "instances": [
        {
          "index_key": 0,
          "schema_version": 0,
          "attributes": {
            "address": null,
            "allocation_id": "eipalloc-0b1568c24f71941d5",
            "associate_with_private_ip": null,
            "association_id": "eipassoc-0be0fd5228a3837ed",
            "carrier_ip": "",
            "customer_owned_ip": "",
            "customer_owned_ipv4_pool": "",
            "domain": "vpc",
            "id": "eipalloc-0b1568c24f71941d5",
            "instance": "",
            "network_border_group": "us-east-1",
            "network_interface": "eni-0544c4ae8be3ef812",
            "private_dns": "ip-172-23-6-1.ec2.internal",
            "private_ip": "172.23.6.1",
            "public_dns": "ec2-3-227-49-61.compute-1.amazonaws.com",
            "public_ip": "3.227.49.61",
            "public_ipv4_pool": "amazon",
            "tags": {
              "Name": "VPC-us-east-1a"
            },
            "tags_all": {
              "Name": "VPC-us-east-1a"
            },
            "timeouts": null,
            "vpc": true
          },
          "sensitive_attributes": [],
          "private": "eyJlMmJmYjczMC1lY2FhLTExZTYtOGY4OC0zNDM2M2JjN2M0YzAiOnsiZGVsZXRlIjoxODAwMDAwMDAwMDAsInJlYWQiOjkwMDAwMDAwMDAwMCwidXBkYXRlIjozMDAwMDAwMDAwMDB9fQ=="
        }
      ]
    },
    {
      "module": "module.vpc",
      "mode": "managed",
      "type": "aws_internet_gateway",
      "name": "this",
      "provider": "provider[\"registry.terraform.io/hashicorp/aws\"]",
      "instances": [
        {
          "index_key": 0,
          "schema_version": 0,
          "attributes": {
            "arn": "arn:aws:ec2:us-east-1:947344745710:internet-gateway/igw-0d27e564164cae034",
            "id": "igw-0d27e564164cae034",
            "owner_id": "947344745710",
            "tags": {
              "Name": "VPC"
            },
            "tags_all": {
              "Name": "VPC"
            },
            "vpc_id": "vpc-0afaf8b8a8169f32b"
          },
          "sensitive_attributes": [],
          "private": "bnVsbA==",
          "dependencies": [
            "module.vpc.aws_vpc.this",
            "module.vpc.aws_vpc_ipv4_cidr_block_association.this"
          ]
        }
      ]
    },
    {
      "module": "module.vpc",
      "mode": "managed",
      "type": "aws_nat_gateway",
      "name": "this",
      "provider": "provider[\"registry.terraform.io/hashicorp/aws\"]",
      "instances": [
        {
          "index_key": 0,
          "schema_version": 0,
          "attributes": {
            "allocation_id": "eipalloc-0b1568c24f71941d5",
            "connectivity_type": "public",
            "id": "nat-051837628de685ff2",
            "network_interface_id": "eni-0544c4ae8be3ef812",
            "private_ip": "172.23.6.1",
            "public_ip": "3.227.49.61",
            "subnet_id": "subnet-0ca43fb6bb5fba4ed",
            "tags": {
              "Name": "caldera-test_natgateway"
            },
            "tags_all": {
              "Name": "caldera-test_natgateway"
            }
          },
          "sensitive_attributes": [],
          "private": "bnVsbA==",
          "dependencies": [
            "module.vpc.aws_eip.nat",
            "module.vpc.aws_internet_gateway.this",
            "module.vpc.aws_subnet.public",
            "module.vpc.aws_vpc.this",
            "module.vpc.aws_vpc_ipv4_cidr_block_association.this"
          ]
        }
      ]
    },
    {
      "module": "module.vpc",
      "mode": "managed",
      "type": "aws_route",
      "name": "private_nat_gateway",
      "provider": "provider[\"registry.terraform.io/hashicorp/aws\"]",
      "instances": [
        {
          "index_key": 0,
          "schema_version": 0,
          "attributes": {
            "carrier_gateway_id": "",
            "core_network_arn": "",
            "destination_cidr_block": "0.0.0.0/0",
            "destination_ipv6_cidr_block": "",
            "destination_prefix_list_id": "",
            "egress_only_gateway_id": "",
            "gateway_id": "",
            "id": "r-rtb-0a1ab4369c7cf48901080289494",
            "instance_id": "",
            "instance_owner_id": "",
            "local_gateway_id": "",
            "nat_gateway_id": "nat-051837628de685ff2",
            "network_interface_id": "",
            "origin": "CreateRoute",
            "route_table_id": "rtb-0a1ab4369c7cf4890",
            "state": "active",
            "timeouts": {
              "create": "5m",
              "delete": null,
              "update": null
            },
            "transit_gateway_id": "",
            "vpc_endpoint_id": "",
            "vpc_peering_connection_id": ""
          },
          "sensitive_attributes": [],
          "private": "eyJlMmJmYjczMC1lY2FhLTExZTYtOGY4OC0zNDM2M2JjN2M0YzAiOnsiY3JlYXRlIjozMDAwMDAwMDAwMDAsImRlbGV0ZSI6MzAwMDAwMDAwMDAwLCJ1cGRhdGUiOjEyMDAwMDAwMDAwMH19",
          "dependencies": [
            "module.vpc.aws_eip.nat",
            "module.vpc.aws_internet_gateway.this",
            "module.vpc.aws_nat_gateway.this",
            "module.vpc.aws_route_table.private",
            "module.vpc.aws_subnet.public",
            "module.vpc.aws_vpc.this",
            "module.vpc.aws_vpc_ipv4_cidr_block_association.this"
          ]
        }
      ]
    },
    {
      "module": "module.vpc",
      "mode": "managed",
      "type": "aws_route",
      "name": "public_internet_gateway",
      "provider": "provider[\"registry.terraform.io/hashicorp/aws\"]",
      "instances": [
        {
          "index_key": 0,
          "schema_version": 0,
          "attributes": {
            "carrier_gateway_id": "",
            "core_network_arn": "",
            "destination_cidr_block": "0.0.0.0/0",
            "destination_ipv6_cidr_block": "",
            "destination_prefix_list_id": "",
            "egress_only_gateway_id": "",
            "gateway_id": "igw-0d27e564164cae034",
            "id": "r-rtb-05f31d8304dee60281080289494",
            "instance_id": "",
            "instance_owner_id": "",
            "local_gateway_id": "",
            "nat_gateway_id": "",
            "network_interface_id": "",
            "origin": "CreateRoute",
            "route_table_id": "rtb-05f31d8304dee6028",
            "state": "active",
            "timeouts": {
              "create": "5m",
              "delete": null,
              "update": null
            },
            "transit_gateway_id": "",
            "vpc_endpoint_id": "",
            "vpc_peering_connection_id": ""
          },
          "sensitive_attributes": [],
          "private": "eyJlMmJmYjczMC1lY2FhLTExZTYtOGY4OC0zNDM2M2JjN2M0YzAiOnsiY3JlYXRlIjozMDAwMDAwMDAwMDAsImRlbGV0ZSI6MzAwMDAwMDAwMDAwLCJ1cGRhdGUiOjEyMDAwMDAwMDAwMH19",
          "dependencies": [
            "module.vpc.aws_internet_gateway.this",
            "module.vpc.aws_route_table.public",
            "module.vpc.aws_vpc.this",
            "module.vpc.aws_vpc_ipv4_cidr_block_association.this"
          ]
        }
      ]
    },
    {
      "module": "module.vpc",
      "mode": "managed",
      "type": "aws_route_table",
      "name": "private",
      "provider": "provider[\"registry.terraform.io/hashicorp/aws\"]",
      "instances": [
        {
          "index_key": 0,
          "schema_version": 0,
          "attributes": {
            "arn": "arn:aws:ec2:us-east-1:947344745710:route-table/rtb-0a1ab4369c7cf4890",
            "id": "rtb-0a1ab4369c7cf4890",
            "owner_id": "947344745710",
            "propagating_vgws": [],
            "route": [
              {
                "carrier_gateway_id": "",
                "cidr_block": "0.0.0.0/0",
                "core_network_arn": "",
                "destination_prefix_list_id": "",
                "egress_only_gateway_id": "",
                "gateway_id": "",
                "instance_id": "",
                "ipv6_cidr_block": "",
                "local_gateway_id": "",
                "nat_gateway_id": "nat-051837628de685ff2",
                "network_interface_id": "",
                "transit_gateway_id": "",
                "vpc_endpoint_id": "",
                "vpc_peering_connection_id": ""
              }
            ],
            "tags": {
              "Name": "VPC-private"
            },
            "tags_all": {
              "Name": "VPC-private"
            },
            "timeouts": null,
            "vpc_id": "vpc-0afaf8b8a8169f32b"
          },
          "sensitive_attributes": [],
          "private": "eyJlMmJmYjczMC1lY2FhLTExZTYtOGY4OC0zNDM2M2JjN2M0YzAiOnsiY3JlYXRlIjozMDAwMDAwMDAwMDAsImRlbGV0ZSI6MzAwMDAwMDAwMDAwLCJ1cGRhdGUiOjEyMDAwMDAwMDAwMH19",
          "dependencies": [
            "module.vpc.aws_vpc.this",
            "module.vpc.aws_vpc_ipv4_cidr_block_association.this"
          ]
        }
      ]
    },
    {
      "module": "module.vpc",
      "mode": "managed",
      "type": "aws_route_table",
      "name": "public",
      "provider": "provider[\"registry.terraform.io/hashicorp/aws\"]",
      "instances": [
        {
          "index_key": 0,
          "schema_version": 0,
          "attributes": {
            "arn": "arn:aws:ec2:us-east-1:947344745710:route-table/rtb-05f31d8304dee6028",
            "id": "rtb-05f31d8304dee6028",
            "owner_id": "947344745710",
            "propagating_vgws": [],
            "route": [
              {
                "carrier_gateway_id": "",
                "cidr_block": "0.0.0.0/0",
                "core_network_arn": "",
                "destination_prefix_list_id": "",
                "egress_only_gateway_id": "",
                "gateway_id": "igw-0d27e564164cae034",
                "instance_id": "",
                "ipv6_cidr_block": "",
                "local_gateway_id": "",
                "nat_gateway_id": "",
                "network_interface_id": "",
                "transit_gateway_id": "",
                "vpc_endpoint_id": "",
                "vpc_peering_connection_id": ""
              }
            ],
            "tags": {
              "Name": "VPC-public"
            },
            "tags_all": {
              "Name": "VPC-public"
            },
            "timeouts": null,
            "vpc_id": "vpc-0afaf8b8a8169f32b"
          },
          "sensitive_attributes": [],
          "private": "eyJlMmJmYjczMC1lY2FhLTExZTYtOGY4OC0zNDM2M2JjN2M0YzAiOnsiY3JlYXRlIjozMDAwMDAwMDAwMDAsImRlbGV0ZSI6MzAwMDAwMDAwMDAwLCJ1cGRhdGUiOjEyMDAwMDAwMDAwMH19",
          "dependencies": [
            "module.vpc.aws_vpc.this",
            "module.vpc.aws_vpc_ipv4_cidr_block_association.this"
          ]
        }
      ]
    },
    {
      "module": "module.vpc",
      "mode": "managed",
      "type": "aws_route_table_association",
      "name": "private",
      "provider": "provider[\"registry.terraform.io/hashicorp/aws\"]",
      "instances": [
        {
          "index_key": 0,
          "schema_version": 0,
          "attributes": {
            "gateway_id": "",
            "id": "rtbassoc-0eb13aec2227cb257",
            "route_table_id": "rtb-0a1ab4369c7cf4890",
            "subnet_id": "subnet-04b531d36cbb09e82"
          },
          "sensitive_attributes": [],
          "private": "bnVsbA==",
          "dependencies": [
            "module.vpc.aws_route_table.private",
            "module.vpc.aws_subnet.private",
            "module.vpc.aws_vpc.this",
            "module.vpc.aws_vpc_ipv4_cidr_block_association.this"
          ]
        },
        {
          "index_key": 1,
          "schema_version": 0,
          "attributes": {
            "gateway_id": "",
            "id": "rtbassoc-03ce317e308130b3f",
            "route_table_id": "rtb-0a1ab4369c7cf4890",
            "subnet_id": "subnet-0b4c43d3a4fbd5b79"
          },
          "sensitive_attributes": [],
          "private": "bnVsbA==",
          "dependencies": [
            "module.vpc.aws_route_table.private",
            "module.vpc.aws_subnet.private",
            "module.vpc.aws_vpc.this",
            "module.vpc.aws_vpc_ipv4_cidr_block_association.this"
          ]
        },
        {
          "index_key": 2,
          "schema_version": 0,
          "attributes": {
            "gateway_id": "",
            "id": "rtbassoc-0b88a59aea5356066",
            "route_table_id": "rtb-0a1ab4369c7cf4890",
            "subnet_id": "subnet-0d44c1273893d83a6"
          },
          "sensitive_attributes": [],
          "private": "bnVsbA==",
          "dependencies": [
            "module.vpc.aws_route_table.private",
            "module.vpc.aws_subnet.private",
            "module.vpc.aws_vpc.this",
            "module.vpc.aws_vpc_ipv4_cidr_block_association.this"
          ]
        },
        {
          "index_key": 3,
          "schema_version": 0,
          "attributes": {
            "gateway_id": "",
            "id": "rtbassoc-0f98b80011cf09626",
            "route_table_id": "rtb-0a1ab4369c7cf4890",
            "subnet_id": "subnet-006a1077eab9d4e48"
          },
          "sensitive_attributes": [],
          "private": "bnVsbA==",
          "dependencies": [
            "module.vpc.aws_route_table.private",
            "module.vpc.aws_subnet.private",
            "module.vpc.aws_vpc.this",
            "module.vpc.aws_vpc_ipv4_cidr_block_association.this"
          ]
        },
        {
          "index_key": 4,
          "schema_version": 0,
          "attributes": {
            "gateway_id": "",
            "id": "rtbassoc-0f3a28d70c509e483",
            "route_table_id": "rtb-0a1ab4369c7cf4890",
            "subnet_id": "subnet-0b95796b94e45cf6e"
          },
          "sensitive_attributes": [],
          "private": "bnVsbA==",
          "dependencies": [
            "module.vpc.aws_route_table.private",
            "module.vpc.aws_subnet.private",
            "module.vpc.aws_vpc.this",
            "module.vpc.aws_vpc_ipv4_cidr_block_association.this"
          ]
        }
      ]
    },
    {
      "module": "module.vpc",
      "mode": "managed",
      "type": "aws_route_table_association",
      "name": "public",
      "provider": "provider[\"registry.terraform.io/hashicorp/aws\"]",
      "instances": [
        {
          "index_key": 0,
          "schema_version": 0,
          "attributes": {
            "gateway_id": "",
            "id": "rtbassoc-07494dd5009eff378",
            "route_table_id": "rtb-05f31d8304dee6028",
            "subnet_id": "subnet-0ca43fb6bb5fba4ed"
          },
          "sensitive_attributes": [],
          "private": "bnVsbA==",
          "dependencies": [
            "module.vpc.aws_route_table.public",
            "module.vpc.aws_subnet.public",
            "module.vpc.aws_vpc.this",
            "module.vpc.aws_vpc_ipv4_cidr_block_association.this"
          ]
        },
        {
          "index_key": 1,
          "schema_version": 0,
          "attributes": {
            "gateway_id": "",
            "id": "rtbassoc-00762a07c1b0002d2",
            "route_table_id": "rtb-05f31d8304dee6028",
            "subnet_id": "subnet-02e4ec95a976e40e4"
          },
          "sensitive_attributes": [],
          "private": "bnVsbA==",
          "dependencies": [
            "module.vpc.aws_route_table.public",
            "module.vpc.aws_subnet.public",
            "module.vpc.aws_vpc.this",
            "module.vpc.aws_vpc_ipv4_cidr_block_association.this"
          ]
        },
        {
          "index_key": 2,
          "schema_version": 0,
          "attributes": {
            "gateway_id": "",
            "id": "rtbassoc-0fe004dec20a3bb2a",
            "route_table_id": "rtb-05f31d8304dee6028",
            "subnet_id": "subnet-0ce290b59e5e5cb1f"
          },
          "sensitive_attributes": [],
          "private": "bnVsbA==",
          "dependencies": [
            "module.vpc.aws_route_table.public",
            "module.vpc.aws_subnet.public",
            "module.vpc.aws_vpc.this",
            "module.vpc.aws_vpc_ipv4_cidr_block_association.this"
          ]
        },
        {
          "index_key": 3,
          "schema_version": 0,
          "attributes": {
            "gateway_id": "",
            "id": "rtbassoc-02185e39ee9f4fa64",
            "route_table_id": "rtb-05f31d8304dee6028",
            "subnet_id": "subnet-0b8f7051aea0b479d"
          },
          "sensitive_attributes": [],
          "private": "bnVsbA==",
          "dependencies": [
            "module.vpc.aws_route_table.public",
            "module.vpc.aws_subnet.public",
            "module.vpc.aws_vpc.this",
            "module.vpc.aws_vpc_ipv4_cidr_block_association.this"
          ]
        },
        {
          "index_key": 4,
          "schema_version": 0,
          "attributes": {
            "gateway_id": "",
            "id": "rtbassoc-0c2183b2ae2598376",
            "route_table_id": "rtb-05f31d8304dee6028",
            "subnet_id": "subnet-0f91ac89d6c244a2f"
          },
          "sensitive_attributes": [],
          "private": "bnVsbA==",
          "dependencies": [
            "module.vpc.aws_route_table.public",
            "module.vpc.aws_subnet.public",
            "module.vpc.aws_vpc.this",
            "module.vpc.aws_vpc_ipv4_cidr_block_association.this"
          ]
        }
      ]
    },
    {
      "module": "module.vpc",
      "mode": "managed",
      "type": "aws_subnet",
      "name": "private",
      "provider": "provider[\"registry.terraform.io/hashicorp/aws\"]",
      "instances": [
        {
          "index_key": 0,
          "schema_version": 1,
          "attributes": {
            "arn": "arn:aws:ec2:us-east-1:947344745710:subnet/subnet-04b531d36cbb09e82",
            "assign_ipv6_address_on_creation": false,
            "availability_zone": "us-east-1a",
            "availability_zone_id": "use1-az1",
            "cidr_block": "172.23.0.0/22",
            "customer_owned_ipv4_pool": "",
            "enable_dns64": false,
            "enable_resource_name_dns_a_record_on_launch": false,
            "enable_resource_name_dns_aaaa_record_on_launch": false,
            "id": "subnet-04b531d36cbb09e82",
            "ipv6_cidr_block": "",
            "ipv6_cidr_block_association_id": "",
            "ipv6_native": false,
            "map_customer_owned_ip_on_launch": false,
            "map_public_ip_on_launch": false,
            "outpost_arn": "",
            "owner_id": "947344745710",
            "private_dns_hostname_type_on_launch": "ip-name",
            "tags": {
              "Name": "caldera-test_private"
            },
            "tags_all": {
              "Name": "caldera-test_private"
            },
            "timeouts": null,
            "vpc_id": "vpc-0afaf8b8a8169f32b"
          },
          "sensitive_attributes": [],
          "private": "eyJlMmJmYjczMC1lY2FhLTExZTYtOGY4OC0zNDM2M2JjN2M0YzAiOnsiY3JlYXRlIjo2MDAwMDAwMDAwMDAsImRlbGV0ZSI6MTIwMDAwMDAwMDAwMH0sInNjaGVtYV92ZXJzaW9uIjoiMSJ9",
          "dependencies": [
            "module.vpc.aws_vpc.this",
            "module.vpc.aws_vpc_ipv4_cidr_block_association.this"
          ]
        },
        {
          "index_key": 1,
          "schema_version": 1,
          "attributes": {
            "arn": "arn:aws:ec2:us-east-1:947344745710:subnet/subnet-0b4c43d3a4fbd5b79",
            "assign_ipv6_address_on_creation": false,
            "availability_zone": "us-east-1b",
            "availability_zone_id": "use1-az2",
            "cidr_block": "172.23.32.0/22",
            "customer_owned_ipv4_pool": "",
            "enable_dns64": false,
            "enable_resource_name_dns_a_record_on_launch": false,
            "enable_resource_name_dns_aaaa_record_on_launch": false,
            "id": "subnet-0b4c43d3a4fbd5b79",
            "ipv6_cidr_block": "",
            "ipv6_cidr_block_association_id": "",
            "ipv6_native": false,
            "map_customer_owned_ip_on_launch": false,
            "map_public_ip_on_launch": false,
            "outpost_arn": "",
            "owner_id": "947344745710",
            "private_dns_hostname_type_on_launch": "ip-name",
            "tags": {
              "Name": "caldera-test_private"
            },
            "tags_all": {
              "Name": "caldera-test_private"
            },
            "timeouts": null,
            "vpc_id": "vpc-0afaf8b8a8169f32b"
          },
          "sensitive_attributes": [],
          "private": "eyJlMmJmYjczMC1lY2FhLTExZTYtOGY4OC0zNDM2M2JjN2M0YzAiOnsiY3JlYXRlIjo2MDAwMDAwMDAwMDAsImRlbGV0ZSI6MTIwMDAwMDAwMDAwMH0sInNjaGVtYV92ZXJzaW9uIjoiMSJ9",
          "dependencies": [
            "module.vpc.aws_vpc.this",
            "module.vpc.aws_vpc_ipv4_cidr_block_association.this"
          ]
        },
        {
          "index_key": 2,
          "schema_version": 1,
          "attributes": {
            "arn": "arn:aws:ec2:us-east-1:947344745710:subnet/subnet-0d44c1273893d83a6",
            "assign_ipv6_address_on_creation": false,
            "availability_zone": "us-east-1c",
            "availability_zone_id": "use1-az4",
            "cidr_block": "172.23.64.0/22",
            "customer_owned_ipv4_pool": "",
            "enable_dns64": false,
            "enable_resource_name_dns_a_record_on_launch": false,
            "enable_resource_name_dns_aaaa_record_on_launch": false,
            "id": "subnet-0d44c1273893d83a6",
            "ipv6_cidr_block": "",
            "ipv6_cidr_block_association_id": "",
            "ipv6_native": false,
            "map_customer_owned_ip_on_launch": false,
            "map_public_ip_on_launch": false,
            "outpost_arn": "",
            "owner_id": "947344745710",
            "private_dns_hostname_type_on_launch": "ip-name",
            "tags": {
              "Name": "caldera-test_private"
            },
            "tags_all": {
              "Name": "caldera-test_private"
            },
            "timeouts": null,
            "vpc_id": "vpc-0afaf8b8a8169f32b"
          },
          "sensitive_attributes": [],
          "private": "eyJlMmJmYjczMC1lY2FhLTExZTYtOGY4OC0zNDM2M2JjN2M0YzAiOnsiY3JlYXRlIjo2MDAwMDAwMDAwMDAsImRlbGV0ZSI6MTIwMDAwMDAwMDAwMH0sInNjaGVtYV92ZXJzaW9uIjoiMSJ9",
          "dependencies": [
            "module.vpc.aws_vpc.this",
            "module.vpc.aws_vpc_ipv4_cidr_block_association.this"
          ]
        },
        {
          "index_key": 3,
          "schema_version": 1,
          "attributes": {
            "arn": "arn:aws:ec2:us-east-1:947344745710:subnet/subnet-006a1077eab9d4e48",
            "assign_ipv6_address_on_creation": false,
            "availability_zone": "us-east-1d",
            "availability_zone_id": "use1-az6",
            "cidr_block": "172.23.96.0/22",
            "customer_owned_ipv4_pool": "",
            "enable_dns64": false,
            "enable_resource_name_dns_a_record_on_launch": false,
            "enable_resource_name_dns_aaaa_record_on_launch": false,
            "id": "subnet-006a1077eab9d4e48",
            "ipv6_cidr_block": "",
            "ipv6_cidr_block_association_id": "",
            "ipv6_native": false,
            "map_customer_owned_ip_on_launch": false,
            "map_public_ip_on_launch": false,
            "outpost_arn": "",
            "owner_id": "947344745710",
            "private_dns_hostname_type_on_launch": "ip-name",
            "tags": {
              "Name": "caldera-test_private"
            },
            "tags_all": {
              "Name": "caldera-test_private"
            },
            "timeouts": null,
            "vpc_id": "vpc-0afaf8b8a8169f32b"
          },
          "sensitive_attributes": [],
          "private": "eyJlMmJmYjczMC1lY2FhLTExZTYtOGY4OC0zNDM2M2JjN2M0YzAiOnsiY3JlYXRlIjo2MDAwMDAwMDAwMDAsImRlbGV0ZSI6MTIwMDAwMDAwMDAwMH0sInNjaGVtYV92ZXJzaW9uIjoiMSJ9",
          "dependencies": [
            "module.vpc.aws_vpc.this",
            "module.vpc.aws_vpc_ipv4_cidr_block_association.this"
          ]
        },
        {
          "index_key": 4,
          "schema_version": 1,
          "attributes": {
            "arn": "arn:aws:ec2:us-east-1:947344745710:subnet/subnet-0b95796b94e45cf6e",
            "assign_ipv6_address_on_creation": false,
            "availability_zone": "us-east-1f",
            "availability_zone_id": "use1-az5",
            "cidr_block": "172.23.160.0/22",
            "customer_owned_ipv4_pool": "",
            "enable_dns64": false,
            "enable_resource_name_dns_a_record_on_launch": false,
            "enable_resource_name_dns_aaaa_record_on_launch": false,
            "id": "subnet-0b95796b94e45cf6e",
            "ipv6_cidr_block": "",
            "ipv6_cidr_block_association_id": "",
            "ipv6_native": false,
            "map_customer_owned_ip_on_launch": false,
            "map_public_ip_on_launch": false,
            "outpost_arn": "",
            "owner_id": "947344745710",
            "private_dns_hostname_type_on_launch": "ip-name",
            "tags": {
              "Name": "caldera-test_private"
            },
            "tags_all": {
              "Name": "caldera-test_private"
            },
            "timeouts": null,
            "vpc_id": "vpc-0afaf8b8a8169f32b"
          },
          "sensitive_attributes": [],
          "private": "eyJlMmJmYjczMC1lY2FhLTExZTYtOGY4OC0zNDM2M2JjN2M0YzAiOnsiY3JlYXRlIjo2MDAwMDAwMDAwMDAsImRlbGV0ZSI6MTIwMDAwMDAwMDAwMH0sInNjaGVtYV92ZXJzaW9uIjoiMSJ9",
          "dependencies": [
            "module.vpc.aws_vpc.this",
            "module.vpc.aws_vpc_ipv4_cidr_block_association.this"
          ]
        }
      ]
    },
    {
      "module": "module.vpc",
      "mode": "managed",
      "type": "aws_subnet",
      "name": "public",
      "provider": "provider[\"registry.terraform.io/hashicorp/aws\"]",
      "instances": [
        {
          "index_key": 0,
          "schema_version": 1,
          "attributes": {
            "arn": "arn:aws:ec2:us-east-1:947344745710:subnet/subnet-0ca43fb6bb5fba4ed",
            "assign_ipv6_address_on_creation": false,
            "availability_zone": "us-east-1a",
            "availability_zone_id": "use1-az1",
            "cidr_block": "172.23.4.0/22",
            "customer_owned_ipv4_pool": "",
            "enable_dns64": false,
            "enable_resource_name_dns_a_record_on_launch": false,
            "enable_resource_name_dns_aaaa_record_on_launch": false,
            "id": "subnet-0ca43fb6bb5fba4ed",
            "ipv6_cidr_block": "",
            "ipv6_cidr_block_association_id": "",
            "ipv6_native": false,
            "map_customer_owned_ip_on_launch": false,
            "map_public_ip_on_launch": true,
            "outpost_arn": "",
            "owner_id": "947344745710",
            "private_dns_hostname_type_on_launch": "ip-name",
            "tags": {
              "Name": "caldera-test_public"
            },
            "tags_all": {
              "Name": "caldera-test_public"
            },
            "timeouts": null,
            "vpc_id": "vpc-0afaf8b8a8169f32b"
          },
          "sensitive_attributes": [],
          "private": "eyJlMmJmYjczMC1lY2FhLTExZTYtOGY4OC0zNDM2M2JjN2M0YzAiOnsiY3JlYXRlIjo2MDAwMDAwMDAwMDAsImRlbGV0ZSI6MTIwMDAwMDAwMDAwMH0sInNjaGVtYV92ZXJzaW9uIjoiMSJ9",
          "dependencies": [
            "module.vpc.aws_vpc.this",
            "module.vpc.aws_vpc_ipv4_cidr_block_association.this"
          ]
        },
        {
          "index_key": 1,
          "schema_version": 1,
          "attributes": {
            "arn": "arn:aws:ec2:us-east-1:947344745710:subnet/subnet-02e4ec95a976e40e4",
            "assign_ipv6_address_on_creation": false,
            "availability_zone": "us-east-1b",
            "availability_zone_id": "use1-az2",
            "cidr_block": "172.23.36.0/22",
            "customer_owned_ipv4_pool": "",
            "enable_dns64": false,
            "enable_resource_name_dns_a_record_on_launch": false,
            "enable_resource_name_dns_aaaa_record_on_launch": false,
            "id": "subnet-02e4ec95a976e40e4",
            "ipv6_cidr_block": "",
            "ipv6_cidr_block_association_id": "",
            "ipv6_native": false,
            "map_customer_owned_ip_on_launch": false,
            "map_public_ip_on_launch": true,
            "outpost_arn": "",
            "owner_id": "947344745710",
            "private_dns_hostname_type_on_launch": "ip-name",
            "tags": {
              "Name": "caldera-test_public"
            },
            "tags_all": {
              "Name": "caldera-test_public"
            },
            "timeouts": null,
            "vpc_id": "vpc-0afaf8b8a8169f32b"
          },
          "sensitive_attributes": [],
          "private": "eyJlMmJmYjczMC1lY2FhLTExZTYtOGY4OC0zNDM2M2JjN2M0YzAiOnsiY3JlYXRlIjo2MDAwMDAwMDAwMDAsImRlbGV0ZSI6MTIwMDAwMDAwMDAwMH0sInNjaGVtYV92ZXJzaW9uIjoiMSJ9",
          "dependencies": [
            "module.vpc.aws_vpc.this",
            "module.vpc.aws_vpc_ipv4_cidr_block_association.this"
          ]
        },
        {
          "index_key": 2,
          "schema_version": 1,
          "attributes": {
            "arn": "arn:aws:ec2:us-east-1:947344745710:subnet/subnet-0ce290b59e5e5cb1f",
            "assign_ipv6_address_on_creation": false,
            "availability_zone": "us-east-1c",
            "availability_zone_id": "use1-az4",
            "cidr_block": "172.23.68.0/22",
            "customer_owned_ipv4_pool": "",
            "enable_dns64": false,
            "enable_resource_name_dns_a_record_on_launch": false,
            "enable_resource_name_dns_aaaa_record_on_launch": false,
            "id": "subnet-0ce290b59e5e5cb1f",
            "ipv6_cidr_block": "",
            "ipv6_cidr_block_association_id": "",
            "ipv6_native": false,
            "map_customer_owned_ip_on_launch": false,
            "map_public_ip_on_launch": true,
            "outpost_arn": "",
            "owner_id": "947344745710",
            "private_dns_hostname_type_on_launch": "ip-name",
            "tags": {
              "Name": "caldera-test_public"
            },
            "tags_all": {
              "Name": "caldera-test_public"
            },
            "timeouts": null,
            "vpc_id": "vpc-0afaf8b8a8169f32b"
          },
          "sensitive_attributes": [],
          "private": "eyJlMmJmYjczMC1lY2FhLTExZTYtOGY4OC0zNDM2M2JjN2M0YzAiOnsiY3JlYXRlIjo2MDAwMDAwMDAwMDAsImRlbGV0ZSI6MTIwMDAwMDAwMDAwMH0sInNjaGVtYV92ZXJzaW9uIjoiMSJ9",
          "dependencies": [
            "module.vpc.aws_vpc.this",
            "module.vpc.aws_vpc_ipv4_cidr_block_association.this"
          ]
        },
        {
          "index_key": 3,
          "schema_version": 1,
          "attributes": {
            "arn": "arn:aws:ec2:us-east-1:947344745710:subnet/subnet-0b8f7051aea0b479d",
            "assign_ipv6_address_on_creation": false,
            "availability_zone": "us-east-1d",
            "availability_zone_id": "use1-az6",
            "cidr_block": "172.23.100.0/22",
            "customer_owned_ipv4_pool": "",
            "enable_dns64": false,
            "enable_resource_name_dns_a_record_on_launch": false,
            "enable_resource_name_dns_aaaa_record_on_launch": false,
            "id": "subnet-0b8f7051aea0b479d",
            "ipv6_cidr_block": "",
            "ipv6_cidr_block_association_id": "",
            "ipv6_native": false,
            "map_customer_owned_ip_on_launch": false,
            "map_public_ip_on_launch": true,
            "outpost_arn": "",
            "owner_id": "947344745710",
            "private_dns_hostname_type_on_launch": "ip-name",
            "tags": {
              "Name": "caldera-test_public"
            },
            "tags_all": {
              "Name": "caldera-test_public"
            },
            "timeouts": null,
            "vpc_id": "vpc-0afaf8b8a8169f32b"
          },
          "sensitive_attributes": [],
          "private": "eyJlMmJmYjczMC1lY2FhLTExZTYtOGY4OC0zNDM2M2JjN2M0YzAiOnsiY3JlYXRlIjo2MDAwMDAwMDAwMDAsImRlbGV0ZSI6MTIwMDAwMDAwMDAwMH0sInNjaGVtYV92ZXJzaW9uIjoiMSJ9",
          "dependencies": [
            "module.vpc.aws_vpc.this",
            "module.vpc.aws_vpc_ipv4_cidr_block_association.this"
          ]
        },
        {
          "index_key": 4,
          "schema_version": 1,
          "attributes": {
            "arn": "arn:aws:ec2:us-east-1:947344745710:subnet/subnet-0f91ac89d6c244a2f",
            "assign_ipv6_address_on_creation": false,
            "availability_zone": "us-east-1f",
            "availability_zone_id": "use1-az5",
            "cidr_block": "172.23.164.0/22",
            "customer_owned_ipv4_pool": "",
            "enable_dns64": false,
            "enable_resource_name_dns_a_record_on_launch": false,
            "enable_resource_name_dns_aaaa_record_on_launch": false,
            "id": "subnet-0f91ac89d6c244a2f",
            "ipv6_cidr_block": "",
            "ipv6_cidr_block_association_id": "",
            "ipv6_native": false,
            "map_customer_owned_ip_on_launch": false,
            "map_public_ip_on_launch": true,
            "outpost_arn": "",
            "owner_id": "947344745710",
            "private_dns_hostname_type_on_launch": "ip-name",
            "tags": {
              "Name": "caldera-test_public"
            },
            "tags_all": {
              "Name": "caldera-test_public"
            },
            "timeouts": null,
            "vpc_id": "vpc-0afaf8b8a8169f32b"
          },
          "sensitive_attributes": [],
          "private": "eyJlMmJmYjczMC1lY2FhLTExZTYtOGY4OC0zNDM2M2JjN2M0YzAiOnsiY3JlYXRlIjo2MDAwMDAwMDAwMDAsImRlbGV0ZSI6MTIwMDAwMDAwMDAwMH0sInNjaGVtYV92ZXJzaW9uIjoiMSJ9",
          "dependencies": [
            "module.vpc.aws_vpc.this",
            "module.vpc.aws_vpc_ipv4_cidr_block_association.this"
          ]
        }
      ]
    },
    {
      "module": "module.vpc",
      "mode": "managed",
      "type": "aws_vpc",
      "name": "this",
      "provider": "provider[\"registry.terraform.io/hashicorp/aws\"]",
      "instances": [
        {
          "index_key": 0,
          "schema_version": 1,
          "attributes": {
            "arn": "arn:aws:ec2:us-east-1:947344745710:vpc/vpc-0afaf8b8a8169f32b",
            "assign_generated_ipv6_cidr_block": false,
            "cidr_block": "172.23.0.0/16",
            "default_network_acl_id": "acl-014d9cc81054b4abf",
            "default_route_table_id": "rtb-06a04f2d61680ae55",
            "default_security_group_id": "sg-0aa462462943fb537",
            "dhcp_options_id": "dopt-08633ab42beb26952",
            "enable_classiclink": false,
            "enable_classiclink_dns_support": false,
            "enable_dns_hostnames": true,
            "enable_dns_support": true,
            "id": "vpc-0afaf8b8a8169f32b",
            "instance_tenancy": "default",
            "ipv4_ipam_pool_id": null,
            "ipv4_netmask_length": null,
            "ipv6_association_id": "",
            "ipv6_cidr_block": "",
            "ipv6_cidr_block_network_border_group": "",
            "ipv6_ipam_pool_id": "",
            "ipv6_netmask_length": 0,
            "main_route_table_id": "rtb-06a04f2d61680ae55",
            "owner_id": "947344745710",
            "tags": {
              "Name": "VPC"
            },
            "tags_all": {
              "Name": "VPC"
            }
          },
          "sensitive_attributes": [],
          "private": "eyJzY2hlbWFfdmVyc2lvbiI6IjEifQ=="
        }
      ]
    }
  ]
}
