{
  "version": 4,
  "terraform_version": "1.2.4",
  "serial": 38,
  "lineage": "06ea1b4a-c905-c915-2dda-e7ac0c8bf780",
  "outputs": {
    "caldera_server_id": {
      "value": "i-04002e9bd57ba619e",
      "type": "string"
    },
    "caldera_server_ip": {
      "value": "54.242.242.254",
      "type": "string"
    },
    "linux_host_id": {
      "value": "i-08b5bce6d08367e4f",
      "type": "string"
    },
    "linux_host_ip": {
      "value": "172.23.3.168",
      "type": "string"
    },
    "rsa_private_key": {
      "value": "-----BEGIN RSA PRIVATE KEY-----\nMIIJKAIBAAKCAgEAnmmU4DPM9bmhGpEbXT4iINmJcMBx52gbKsIZq1y9T5FZczuU\nepubBsn5pzkfTYk99ipO02OTQMZQzB7yKAnt5n9tGH4n634iCyZHu2F05qPO98uo\nFyfD9UtakPSjI0vb51SNeYxjB5yc72kgvNnFNCSP43Yn3C4EWg5VxWZFw8xm0oSA\n56eJTE3NQiX8KcLbdhXiKTtdUAGX/ymYfyknonmTZCL/ixduENgUn7y5K3rLhZzq\nDPOp1zviFMAQOtGPc/DBsE1uOuo/MTshhHUNXSVARk0itRGaamoqjzHiqcPN2C9V\nYXZ7siSwYP8fMC0XC/I/cymOoxkSbm0Z35ycCTLoaFNlz5XegH5/Qd1laY0Ac4s+\nGJdBtU8+Y0h9Lm9QM5EtIdVEueOsHEKU+07vDWzE/IQhAE7mPbat59yb/1MIwYZW\nzigRoNYphv/PJkZ9/GafeWTV8zlB510TpHqRk7vh/hXLtCbopkjXSCQ2qWM3wyEy\nhyuBHyab+56Qwnhfu1WgpqaVeapVvDBRxu7/zcg8/gpS6N8otxPj0L2qKujgAu7l\nWhFWPtf8XyEAKnUf3ran5J71l8uE+KYOl5EdTT4qVMTi+OsHtpmZLWQfyvPS8Yka\nibLZ4UYdkdghKiiOgarkB3FTQoq9Uo1sy2r82QlMBD+UxzbhFTmsEYDTJtkCAwEA\nAQKCAgARyugW2pqdyvDGbB/3tB/fMq/WQzdH95B9l/mMHsmAo2G5qKp/rvSVqZ/p\n4WebrNuRx6S854VFlEDE/IDUcHERH6TgSGMxdyRZvj32VPbtZN69RFmn6CaBaapN\nd7zPHRkg/YU6bsM8uqGB3nv32jnlJmom8UF+4IhKmSuXFWqmmFHAOXPFETNBp8dz\nM5MEGcfOlpylZu6PKu6okUJ4neW+wQsGB0xOkh4htDN00Zy2vn8Xjc1YERI1g5tc\nG0p3YMxNCHCo3bmQ0niwjeSw3PjYSnPSsZ1BWy3N4AjRtpev27dGHeLoJIe2NZq9\n+knFfnsFM3te8v77YLiKQKTUUeHQlW3qgJaq4b1QEih6H4Qk5Dx996+jftPm9a7z\nHvRevR64ZnIRXcEOXQ853lHDTbww/mY0ErEZhyH81KrKgUsp+DZVYrrK+ajAbUrH\nqxxBvX5z85tPl7xrY6F6g2QIdjypZbPGZXZUnn8Wf7AyBZW33CW3KgAR3EEAaHeg\nYXxw5j5pWl2WAozHLi8CLCUb+9Js2otCS01k7jT3GpN9XYXKeUQpwUQrgFhg4yg3\nQXiB3CE428kQuTCi0EbBhnhoiw2RkGSiqbSH3osuOfyc15Vl89PDaOYS6cnuPtZ7\n8UFmWzt/pk/oofepGBYAmib3xFB8QXX9rpK0lBRV0ADKx93K5QKCAQEAz6L9Kwzr\nAyZJ52rgOWmbxvMNUGmm43H5w4/Mz2QO5Kbk0ArbNwhq6RGVhZQpyeuPennBrjPc\n5vQcFQX/gS1Ljd00QGhnpgklSJgec8lPhDTm1w082U1WKRSrRx1skvf0ljeyTMEA\nnLi5dvj9rEjYkadTHII0RWDdG0P9W40qORSmNgxYV+41OXsjiQPSV09IZRWxBfdF\nDHJf0hDx37fZMb9IX2SFZM4mfK0AAzp43lhpzNQGtGgryPXA56YW6Gkd+8UgNbZf\noyzgzAuA6nB8WXevzxHzz3vsRYfC0wWf1CrlrMML/WVKoF7ELaq/wg7Cv7rUjQSr\npBeL3La2ozqrUwKCAQEAw09v3q6I0J4RHjUY/WNkl5NkNNycUugMu0vKZlX13Fax\nK4m2Of20SGqAJXQ5fPZ1rv3m9H11eUg1OTI/gfFsUsZuhv6VGDaqJ2IliKbmhaBK\nqiHloixyoeaPoHaNy/KG0yGdkxxdnBK/ISND+P+tElXcXH6qdVicIzM8/0XeMk9x\nmwIWK8dOodCIefqobm3CP+trQRdLFXRkJBFnOwqhCq1M2y66bvqcUfOCQLt1H3QP\nSsp+cSpFIaGNdqEEI1yOwsDposg+nLYMVC8nROsbOmoHc2IBh81iWhzkw+Mb/gGB\nSjQTxFNp0mdvc330CS+6ViXtJdaP+4Gnid7TjoaLowKCAQEAq3CIWONxqEgU/V7h\nhIYOeVZ1x890XJffAfnZweN76I9kneJY3je1DnvWWVTcrDwzW4zsvklUO92S0kkB\njkc3+wqJ+iQ6cH1cq3PusOunHCIR976WX1Xbrk/CnBVPcIoLCX0zWuyA9OYRPIqZ\n6Ya8Soc9uGxJfH9eEQUyTEVid371PeszhmbIy41A6gCdzDlKLSyb3bEs8fn95BTZ\noT7LtqeZuinlejY80PSG7iN5aRzXPqhSYOMiQ+umO56Hi54/g4Jf9fl/PdvwQIm/\nB9OY2MZaAz9vcAGCNGbEFjiunyBMQzlIzRC1bXTRxmMVscU+R9Cbb1RL5FEMylCS\nvHPUwQKCAQBrpisI17Y9FgJlXerKLrBRA0ImCLp4z8HEsf967EI5EedREfRIfleR\n2nGLM0ZEZCt1KijT9Rp8oJoFTnbGjmSgMxLUgRl4YRjj4CrD6QoB+NlucIR7IHiG\nV+guD2oUUTaSxGJvpSDLV2HVR/S9F18zTfPJX19gklhs5l7mbIINxM/fGgVSV+Y1\nNhUi9k9DnmeEh6N0GvyddKuFXbpCRpeApQhJfrXvWV4zpT3To/7oOTX8iSOsCBpW\ncQ7hpdn8C5X8LgwYVrp78bNV6y9/wv4c8jftFsW1LjTZajeE6HaTSA0U8yM6AKfA\n+pXpWDDbp1zTAtB1HI/7lfjb+t8sHWh1AoIBAAPWDbI1ya28Y+7kNRuFF+qxIbLx\nY2Ot4T7gZozKvcYMRR2A5GlxOaUwHEeVS0WsUrILgrvCSs/5r9NGxlFR1XYtr9fi\nGN2ggcUuNlT4IJioaW0vlvXGx8KSgg9XecHlasuvr+XqjCNvdgTAiYMoqTI+YRbL\niwSUu35JkzWr6KRzM6UWQOhAOdxn0mwF5ysGDEsjmuc/6352enps6Yu8Nx6oVbgA\nXC/zy3t6WpX6jq3etFa4YSGAqXbYpdW8/5nkoEyNo6S0zg2EJMk+G2xYvoidFgbc\ndV9rPGWSYEytPNhKMmre5OyOVUz9RahcEE3KhmEvnfjwHBXLkb4qIMCSnes=\n-----END RSA PRIVATE KEY-----\n",
      "type": "string"
    },
    "windows_host_id": {
      "value": "i-0f36507e72154084e",
      "type": "string"
    },
    "windows_host_ip": {
      "value": "172.23.4.217",
      "type": "string"
    }
  },
  "resources": [
    {
      "mode": "managed",
      "type": "aws_instance",
      "name": "caldera_server",
      "provider": "provider[\"registry.terraform.io/hashicorp/aws\"]",
      "instances": [
        {
          "schema_version": 1,
          "attributes": {
            "ami": "ami-09d56f8956ab235b3",
            "arn": "arn:aws:ec2:us-east-1:097410909212:instance/i-04002e9bd57ba619e",
            "associate_public_ip_address": true,
            "availability_zone": "us-east-1a",
            "capacity_reservation_specification": [
              {
                "capacity_reservation_preference": "open",
                "capacity_reservation_target": []
              }
            ],
            "cpu_core_count": 1,
            "cpu_threads_per_core": 2,
            "credit_specification": [
              {
                "cpu_credits": "unlimited"
              }
            ],
            "disable_api_stop": false,
            "disable_api_termination": false,
            "ebs_block_device": [],
            "ebs_optimized": false,
            "enclave_options": [
              {
                "enabled": false
              }
            ],
            "ephemeral_block_device": [],
            "get_password_data": false,
            "hibernation": false,
            "host_id": null,
            "iam_instance_profile": "",
            "id": "i-04002e9bd57ba619e",
            "instance_initiated_shutdown_behavior": "stop",
            "instance_state": "running",
            "instance_type": "t3.medium",
            "ipv6_address_count": 0,
            "ipv6_addresses": [],
            "key_name": "caldera-nodes",
            "launch_template": [],
            "maintenance_options": [
              {
                "auto_recovery": "default"
              }
            ],
            "metadata_options": [
              {
                "http_endpoint": "enabled",
                "http_put_response_hop_limit": 1,
                "http_tokens": "optional",
                "instance_metadata_tags": "disabled"
              }
            ],
            "monitoring": false,
            "network_interface": [],
            "outpost_arn": "",
            "password_data": "",
            "placement_group": "",
            "placement_partition_number": null,
            "primary_network_interface_id": "eni-074377c20ccd4d247",
            "private_dns": "ip-172-23-6-95.ec2.internal",
            "private_dns_name_options": [
              {
                "enable_resource_name_dns_a_record": false,
                "enable_resource_name_dns_aaaa_record": false,
                "hostname_type": "ip-name"
              }
            ],
            "private_ip": "172.23.6.95",
            "public_dns": "ec2-54-242-242-254.compute-1.amazonaws.com",
            "public_ip": "54.242.242.254",
            "root_block_device": [
              {
                "delete_on_termination": true,
                "device_name": "/dev/sda1",
                "encrypted": false,
                "iops": 100,
                "kms_key_id": "",
                "tags": {},
                "throughput": 0,
                "volume_id": "vol-07821cb8e3e552752",
                "volume_size": 8,
                "volume_type": "gp2"
              }
            ],
            "secondary_private_ips": [],
            "security_groups": [],
            "source_dest_check": true,
            "subnet_id": "subnet-0d4135342a35869b3",
            "tags": {
              "Name": "caldera_server",
              "environment": "caldera-test"
            },
            "tags_all": {
              "Name": "caldera_server",
              "environment": "caldera-test"
            },
            "tenancy": "default",
            "timeouts": null,
            "user_data": null,
            "user_data_base64": null,
            "user_data_replace_on_change": false,
            "volume_tags": null,
            "vpc_security_group_ids": [
              "sg-0e7a410fb11505f91"
            ]
          },
          "sensitive_attributes": [],
          "private": "eyJlMmJmYjczMC1lY2FhLTExZTYtOGY4OC0zNDM2M2JjN2M0YzAiOnsiY3JlYXRlIjo2MDAwMDAwMDAwMDAsImRlbGV0ZSI6MTIwMDAwMDAwMDAwMCwidXBkYXRlIjo2MDAwMDAwMDAwMDB9LCJzY2hlbWFfdmVyc2lvbiI6IjEifQ==",
          "dependencies": [
            "aws_security_group.sg_caldera_server",
            "module.aws_rsa_key.aws_key_pair.worker",
            "module.aws_rsa_key.local_file.ssh_local",
            "module.aws_rsa_key.tls_private_key.ssh_key",
            "module.vpc.aws_cloudwatch_log_group.flow_log",
            "module.vpc.aws_customer_gateway.this",
            "module.vpc.aws_db_subnet_group.database",
            "module.vpc.aws_default_network_acl.this",
            "module.vpc.aws_default_route_table.default",
            "module.vpc.aws_default_security_group.this",
            "module.vpc.aws_default_vpc.this",
            "module.vpc.aws_egress_only_internet_gateway.this",
            "module.vpc.aws_eip.nat",
            "module.vpc.aws_elasticache_subnet_group.elasticache",
            "module.vpc.aws_flow_log.this",
            "module.vpc.aws_iam_policy.vpc_flow_log_cloudwatch",
            "module.vpc.aws_iam_role.vpc_flow_log_cloudwatch",
            "module.vpc.aws_iam_role_policy_attachment.vpc_flow_log_cloudwatch",
            "module.vpc.aws_internet_gateway.this",
            "module.vpc.aws_nat_gateway.this",
            "module.vpc.aws_network_acl.database",
            "module.vpc.aws_network_acl.elasticache",
            "module.vpc.aws_network_acl.intra",
            "module.vpc.aws_network_acl.outpost",
            "module.vpc.aws_network_acl.private",
            "module.vpc.aws_network_acl.public",
            "module.vpc.aws_network_acl.redshift",
            "module.vpc.aws_network_acl_rule.database_inbound",
            "module.vpc.aws_network_acl_rule.database_outbound",
            "module.vpc.aws_network_acl_rule.elasticache_inbound",
            "module.vpc.aws_network_acl_rule.elasticache_outbound",
            "module.vpc.aws_network_acl_rule.intra_inbound",
            "module.vpc.aws_network_acl_rule.intra_outbound",
            "module.vpc.aws_network_acl_rule.outpost_inbound",
            "module.vpc.aws_network_acl_rule.outpost_outbound",
            "module.vpc.aws_network_acl_rule.private_inbound",
            "module.vpc.aws_network_acl_rule.private_outbound",
            "module.vpc.aws_network_acl_rule.public_inbound",
            "module.vpc.aws_network_acl_rule.public_outbound",
            "module.vpc.aws_network_acl_rule.redshift_inbound",
            "module.vpc.aws_network_acl_rule.redshift_outbound",
            "module.vpc.aws_redshift_subnet_group.redshift",
            "module.vpc.aws_route.database_internet_gateway",
            "module.vpc.aws_route.database_ipv6_egress",
            "module.vpc.aws_route.database_nat_gateway",
            "module.vpc.aws_route.private_ipv6_egress",
            "module.vpc.aws_route.private_nat_gateway",
            "module.vpc.aws_route.public_internet_gateway",
            "module.vpc.aws_route.public_internet_gateway_ipv6",
            "module.vpc.aws_route_table.database",
            "module.vpc.aws_route_table.elasticache",
            "module.vpc.aws_route_table.intra",
            "module.vpc.aws_route_table.private",
            "module.vpc.aws_route_table.public",
            "module.vpc.aws_route_table.redshift",
            "module.vpc.aws_route_table_association.database",
            "module.vpc.aws_route_table_association.elasticache",
            "module.vpc.aws_route_table_association.intra",
            "module.vpc.aws_route_table_association.outpost",
            "module.vpc.aws_route_table_association.private",
            "module.vpc.aws_route_table_association.public",
            "module.vpc.aws_route_table_association.redshift",
            "module.vpc.aws_route_table_association.redshift_public",
            "module.vpc.aws_subnet.database",
            "module.vpc.aws_subnet.elasticache",
            "module.vpc.aws_subnet.intra",
            "module.vpc.aws_subnet.outpost",
            "module.vpc.aws_subnet.private",
            "module.vpc.aws_subnet.public",
            "module.vpc.aws_subnet.redshift",
            "module.vpc.aws_vpc.this",
            "module.vpc.aws_vpc_dhcp_options.this",
            "module.vpc.aws_vpc_dhcp_options_association.this",
            "module.vpc.aws_vpc_ipv4_cidr_block_association.this",
            "module.vpc.aws_vpn_gateway.this",
            "module.vpc.aws_vpn_gateway_attachment.this",
            "module.vpc.aws_vpn_gateway_route_propagation.intra",
            "module.vpc.aws_vpn_gateway_route_propagation.private",
            "module.vpc.aws_vpn_gateway_route_propagation.public",
            "module.vpc.data.aws_iam_policy_document.flow_log_cloudwatch_assume_role",
            "module.vpc.data.aws_iam_policy_document.vpc_flow_log_cloudwatch"
          ]
        }
      ]
    },
    {
      "mode": "managed",
      "type": "aws_instance",
      "name": "linux_host",
      "provider": "provider[\"registry.terraform.io/hashicorp/aws\"]",
      "instances": [
        {
          "schema_version": 1,
          "attributes": {
            "ami": "ami-09d56f8956ab235b3",
            "arn": "arn:aws:ec2:us-east-1:097410909212:instance/i-08b5bce6d08367e4f",
            "associate_public_ip_address": false,
            "availability_zone": "us-east-1a",
            "capacity_reservation_specification": [
              {
                "capacity_reservation_preference": "open",
                "capacity_reservation_target": []
              }
            ],
            "cpu_core_count": 1,
            "cpu_threads_per_core": 1,
            "credit_specification": [
              {
                "cpu_credits": "standard"
              }
            ],
            "disable_api_stop": false,
            "disable_api_termination": false,
            "ebs_block_device": [],
            "ebs_optimized": false,
            "enclave_options": [
              {
                "enabled": false
              }
            ],
            "ephemeral_block_device": [],
            "get_password_data": false,
            "hibernation": false,
            "host_id": null,
            "iam_instance_profile": "",
            "id": "i-08b5bce6d08367e4f",
            "instance_initiated_shutdown_behavior": "stop",
            "instance_state": "running",
            "instance_type": "t2.small",
            "ipv6_address_count": 0,
            "ipv6_addresses": [],
            "key_name": "caldera-nodes",
            "launch_template": [],
            "maintenance_options": [
              {
                "auto_recovery": "default"
              }
            ],
            "metadata_options": [
              {
                "http_endpoint": "enabled",
                "http_put_response_hop_limit": 1,
                "http_tokens": "optional",
                "instance_metadata_tags": "disabled"
              }
            ],
            "monitoring": false,
            "network_interface": [],
            "outpost_arn": "",
            "password_data": "",
            "placement_group": "",
            "placement_partition_number": null,
            "primary_network_interface_id": "eni-08d4a3057cf1c9e90",
            "private_dns": "ip-172-23-3-168.ec2.internal",
            "private_dns_name_options": [
              {
                "enable_resource_name_dns_a_record": false,
                "enable_resource_name_dns_aaaa_record": false,
                "hostname_type": "ip-name"
              }
            ],
            "private_ip": "172.23.3.168",
            "public_dns": "",
            "public_ip": "",
            "root_block_device": [
              {
                "delete_on_termination": true,
                "device_name": "/dev/sda1",
                "encrypted": false,
                "iops": 100,
                "kms_key_id": "",
                "tags": {},
                "throughput": 0,
                "volume_id": "vol-05a327652003e810b",
                "volume_size": 8,
                "volume_type": "gp2"
              }
            ],
            "secondary_private_ips": [],
            "security_groups": [],
            "source_dest_check": true,
            "subnet_id": "subnet-0c4a314802d482137",
            "tags": {
              "Name": "linux_host",
              "environment": "caldera-test"
            },
            "tags_all": {
              "Name": "linux_host",
              "environment": "caldera-test"
            },
            "tenancy": "default",
            "timeouts": null,
            "user_data": null,
            "user_data_base64": null,
            "user_data_replace_on_change": false,
            "volume_tags": null,
            "vpc_security_group_ids": [
              "sg-00818d5aeab8c46db"
            ]
          },
          "sensitive_attributes": [],
          "private": "eyJlMmJmYjczMC1lY2FhLTExZTYtOGY4OC0zNDM2M2JjN2M0YzAiOnsiY3JlYXRlIjo2MDAwMDAwMDAwMDAsImRlbGV0ZSI6MTIwMDAwMDAwMDAwMCwidXBkYXRlIjo2MDAwMDAwMDAwMDB9LCJzY2hlbWFfdmVyc2lvbiI6IjEifQ==",
          "dependencies": [
            "aws_instance.caldera_server",
            "aws_security_group.sg_caldera_linux",
            "module.aws_rsa_key.aws_key_pair.worker",
            "module.aws_rsa_key.local_file.ssh_local",
            "module.aws_rsa_key.tls_private_key.ssh_key",
            "module.vpc.aws_cloudwatch_log_group.flow_log",
            "module.vpc.aws_customer_gateway.this",
            "module.vpc.aws_db_subnet_group.database",
            "module.vpc.aws_default_network_acl.this",
            "module.vpc.aws_default_route_table.default",
            "module.vpc.aws_default_security_group.this",
            "module.vpc.aws_default_vpc.this",
            "module.vpc.aws_egress_only_internet_gateway.this",
            "module.vpc.aws_eip.nat",
            "module.vpc.aws_elasticache_subnet_group.elasticache",
            "module.vpc.aws_flow_log.this",
            "module.vpc.aws_iam_policy.vpc_flow_log_cloudwatch",
            "module.vpc.aws_iam_role.vpc_flow_log_cloudwatch",
            "module.vpc.aws_iam_role_policy_attachment.vpc_flow_log_cloudwatch",
            "module.vpc.aws_internet_gateway.this",
            "module.vpc.aws_nat_gateway.this",
            "module.vpc.aws_network_acl.database",
            "module.vpc.aws_network_acl.elasticache",
            "module.vpc.aws_network_acl.intra",
            "module.vpc.aws_network_acl.outpost",
            "module.vpc.aws_network_acl.private",
            "module.vpc.aws_network_acl.public",
            "module.vpc.aws_network_acl.redshift",
            "module.vpc.aws_network_acl_rule.database_inbound",
            "module.vpc.aws_network_acl_rule.database_outbound",
            "module.vpc.aws_network_acl_rule.elasticache_inbound",
            "module.vpc.aws_network_acl_rule.elasticache_outbound",
            "module.vpc.aws_network_acl_rule.intra_inbound",
            "module.vpc.aws_network_acl_rule.intra_outbound",
            "module.vpc.aws_network_acl_rule.outpost_inbound",
            "module.vpc.aws_network_acl_rule.outpost_outbound",
            "module.vpc.aws_network_acl_rule.private_inbound",
            "module.vpc.aws_network_acl_rule.private_outbound",
            "module.vpc.aws_network_acl_rule.public_inbound",
            "module.vpc.aws_network_acl_rule.public_outbound",
            "module.vpc.aws_network_acl_rule.redshift_inbound",
            "module.vpc.aws_network_acl_rule.redshift_outbound",
            "module.vpc.aws_redshift_subnet_group.redshift",
            "module.vpc.aws_route.database_internet_gateway",
            "module.vpc.aws_route.database_ipv6_egress",
            "module.vpc.aws_route.database_nat_gateway",
            "module.vpc.aws_route.private_ipv6_egress",
            "module.vpc.aws_route.private_nat_gateway",
            "module.vpc.aws_route.public_internet_gateway",
            "module.vpc.aws_route.public_internet_gateway_ipv6",
            "module.vpc.aws_route_table.database",
            "module.vpc.aws_route_table.elasticache",
            "module.vpc.aws_route_table.intra",
            "module.vpc.aws_route_table.private",
            "module.vpc.aws_route_table.public",
            "module.vpc.aws_route_table.redshift",
            "module.vpc.aws_route_table_association.database",
            "module.vpc.aws_route_table_association.elasticache",
            "module.vpc.aws_route_table_association.intra",
            "module.vpc.aws_route_table_association.outpost",
            "module.vpc.aws_route_table_association.private",
            "module.vpc.aws_route_table_association.public",
            "module.vpc.aws_route_table_association.redshift",
            "module.vpc.aws_route_table_association.redshift_public",
            "module.vpc.aws_subnet.database",
            "module.vpc.aws_subnet.elasticache",
            "module.vpc.aws_subnet.intra",
            "module.vpc.aws_subnet.outpost",
            "module.vpc.aws_subnet.private",
            "module.vpc.aws_subnet.public",
            "module.vpc.aws_subnet.redshift",
            "module.vpc.aws_vpc.this",
            "module.vpc.aws_vpc_dhcp_options.this",
            "module.vpc.aws_vpc_dhcp_options_association.this",
            "module.vpc.aws_vpc_ipv4_cidr_block_association.this",
            "module.vpc.aws_vpn_gateway.this",
            "module.vpc.aws_vpn_gateway_attachment.this",
            "module.vpc.aws_vpn_gateway_route_propagation.intra",
            "module.vpc.aws_vpn_gateway_route_propagation.private",
            "module.vpc.aws_vpn_gateway_route_propagation.public",
            "module.vpc.data.aws_iam_policy_document.flow_log_cloudwatch_assume_role",
            "module.vpc.data.aws_iam_policy_document.vpc_flow_log_cloudwatch"
          ]
        }
      ]
    },
    {
      "mode": "managed",
      "type": "aws_instance",
      "name": "windows_host",
      "provider": "provider[\"registry.terraform.io/hashicorp/aws\"]",
      "instances": [
        {
          "schema_version": 1,
          "attributes": {
            "ami": "ami-0193dcf9aa4f5654e",
            "arn": "arn:aws:ec2:us-east-1:097410909212:instance/i-0f36507e72154084e",
            "associate_public_ip_address": true,
            "availability_zone": "us-east-1a",
            "capacity_reservation_specification": [
              {
                "capacity_reservation_preference": "open",
                "capacity_reservation_target": []
              }
            ],
            "cpu_core_count": 1,
            "cpu_threads_per_core": 2,
            "credit_specification": [
              {
                "cpu_credits": "unlimited"
              }
            ],
            "disable_api_stop": false,
            "disable_api_termination": false,
            "ebs_block_device": [],
            "ebs_optimized": false,
            "enclave_options": [
              {
                "enabled": false
              }
            ],
            "ephemeral_block_device": [],
            "get_password_data": false,
            "hibernation": false,
            "host_id": null,
            "iam_instance_profile": "",
            "id": "i-0f36507e72154084e",
            "instance_initiated_shutdown_behavior": "stop",
            "instance_state": "running",
            "instance_type": "t3.medium",
            "ipv6_address_count": 0,
            "ipv6_addresses": [],
            "key_name": "caldera-nodes",
            "launch_template": [],
            "maintenance_options": [
              {
                "auto_recovery": "default"
              }
            ],
            "metadata_options": [
              {
                "http_endpoint": "enabled",
                "http_put_response_hop_limit": 1,
                "http_tokens": "optional",
                "instance_metadata_tags": "disabled"
              }
            ],
            "monitoring": false,
            "network_interface": [],
            "outpost_arn": "",
            "password_data": "",
            "placement_group": "",
            "placement_partition_number": null,
            "primary_network_interface_id": "eni-099f2c99e3782447d",
            "private_dns": "ip-172-23-4-217.ec2.internal",
            "private_dns_name_options": [
              {
                "enable_resource_name_dns_a_record": false,
                "enable_resource_name_dns_aaaa_record": false,
                "hostname_type": "ip-name"
              }
            ],
            "private_ip": "172.23.4.217",
            "public_dns": "ec2-52-91-8-240.compute-1.amazonaws.com",
            "public_ip": "52.91.8.240",
            "root_block_device": [
              {
                "delete_on_termination": true,
                "device_name": "/dev/sda1",
                "encrypted": false,
                "iops": 100,
                "kms_key_id": "",
                "tags": {},
                "throughput": 0,
                "volume_id": "vol-01b4432d97ea0d290",
                "volume_size": 30,
                "volume_type": "gp2"
              }
            ],
            "secondary_private_ips": [],
            "security_groups": [],
            "source_dest_check": true,
            "subnet_id": "subnet-0d4135342a35869b3",
            "tags": {
              "Name": "windows_host",
              "environment": "caldera-test"
            },
            "tags_all": {
              "Name": "windows_host",
              "environment": "caldera-test"
            },
            "tenancy": "default",
            "timeouts": null,
            "user_data": "fdf71b3ecd056bac9fc1e159853d4219097c69cc",
            "user_data_base64": null,
            "user_data_replace_on_change": false,
            "volume_tags": null,
            "vpc_security_group_ids": [
              "sg-04cdcffbb11cd0b1a"
            ]
          },
          "sensitive_attributes": [],
          "private": "eyJlMmJmYjczMC1lY2FhLTExZTYtOGY4OC0zNDM2M2JjN2M0YzAiOnsiY3JlYXRlIjo2MDAwMDAwMDAwMDAsImRlbGV0ZSI6MTIwMDAwMDAwMDAwMCwidXBkYXRlIjo2MDAwMDAwMDAwMDB9LCJzY2hlbWFfdmVyc2lvbiI6IjEifQ==",
          "dependencies": [
            "aws_instance.caldera_server",
            "aws_security_group.sg_caldera_windows",
            "module.aws_rsa_key.aws_key_pair.worker",
            "module.aws_rsa_key.local_file.ssh_local",
            "module.aws_rsa_key.tls_private_key.ssh_key",
            "module.vpc.aws_cloudwatch_log_group.flow_log",
            "module.vpc.aws_customer_gateway.this",
            "module.vpc.aws_db_subnet_group.database",
            "module.vpc.aws_default_network_acl.this",
            "module.vpc.aws_default_route_table.default",
            "module.vpc.aws_default_security_group.this",
            "module.vpc.aws_default_vpc.this",
            "module.vpc.aws_egress_only_internet_gateway.this",
            "module.vpc.aws_eip.nat",
            "module.vpc.aws_elasticache_subnet_group.elasticache",
            "module.vpc.aws_flow_log.this",
            "module.vpc.aws_iam_policy.vpc_flow_log_cloudwatch",
            "module.vpc.aws_iam_role.vpc_flow_log_cloudwatch",
            "module.vpc.aws_iam_role_policy_attachment.vpc_flow_log_cloudwatch",
            "module.vpc.aws_internet_gateway.this",
            "module.vpc.aws_nat_gateway.this",
            "module.vpc.aws_network_acl.database",
            "module.vpc.aws_network_acl.elasticache",
            "module.vpc.aws_network_acl.intra",
            "module.vpc.aws_network_acl.outpost",
            "module.vpc.aws_network_acl.private",
            "module.vpc.aws_network_acl.public",
            "module.vpc.aws_network_acl.redshift",
            "module.vpc.aws_network_acl_rule.database_inbound",
            "module.vpc.aws_network_acl_rule.database_outbound",
            "module.vpc.aws_network_acl_rule.elasticache_inbound",
            "module.vpc.aws_network_acl_rule.elasticache_outbound",
            "module.vpc.aws_network_acl_rule.intra_inbound",
            "module.vpc.aws_network_acl_rule.intra_outbound",
            "module.vpc.aws_network_acl_rule.outpost_inbound",
            "module.vpc.aws_network_acl_rule.outpost_outbound",
            "module.vpc.aws_network_acl_rule.private_inbound",
            "module.vpc.aws_network_acl_rule.private_outbound",
            "module.vpc.aws_network_acl_rule.public_inbound",
            "module.vpc.aws_network_acl_rule.public_outbound",
            "module.vpc.aws_network_acl_rule.redshift_inbound",
            "module.vpc.aws_network_acl_rule.redshift_outbound",
            "module.vpc.aws_redshift_subnet_group.redshift",
            "module.vpc.aws_route.database_internet_gateway",
            "module.vpc.aws_route.database_ipv6_egress",
            "module.vpc.aws_route.database_nat_gateway",
            "module.vpc.aws_route.private_ipv6_egress",
            "module.vpc.aws_route.private_nat_gateway",
            "module.vpc.aws_route.public_internet_gateway",
            "module.vpc.aws_route.public_internet_gateway_ipv6",
            "module.vpc.aws_route_table.database",
            "module.vpc.aws_route_table.elasticache",
            "module.vpc.aws_route_table.intra",
            "module.vpc.aws_route_table.private",
            "module.vpc.aws_route_table.public",
            "module.vpc.aws_route_table.redshift",
            "module.vpc.aws_route_table_association.database",
            "module.vpc.aws_route_table_association.elasticache",
            "module.vpc.aws_route_table_association.intra",
            "module.vpc.aws_route_table_association.outpost",
            "module.vpc.aws_route_table_association.private",
            "module.vpc.aws_route_table_association.public",
            "module.vpc.aws_route_table_association.redshift",
            "module.vpc.aws_route_table_association.redshift_public",
            "module.vpc.aws_subnet.database",
            "module.vpc.aws_subnet.elasticache",
            "module.vpc.aws_subnet.intra",
            "module.vpc.aws_subnet.outpost",
            "module.vpc.aws_subnet.private",
            "module.vpc.aws_subnet.public",
            "module.vpc.aws_subnet.redshift",
            "module.vpc.aws_vpc.this",
            "module.vpc.aws_vpc_dhcp_options.this",
            "module.vpc.aws_vpc_dhcp_options_association.this",
            "module.vpc.aws_vpc_ipv4_cidr_block_association.this",
            "module.vpc.aws_vpn_gateway.this",
            "module.vpc.aws_vpn_gateway_attachment.this",
            "module.vpc.aws_vpn_gateway_route_propagation.intra",
            "module.vpc.aws_vpn_gateway_route_propagation.private",
            "module.vpc.aws_vpn_gateway_route_propagation.public",
            "module.vpc.data.aws_iam_policy_document.flow_log_cloudwatch_assume_role",
            "module.vpc.data.aws_iam_policy_document.vpc_flow_log_cloudwatch"
          ]
        }
      ]
    },
    {
      "mode": "managed",
      "type": "aws_security_group",
      "name": "sg_caldera_linux",
      "provider": "provider[\"registry.terraform.io/hashicorp/aws\"]",
      "instances": [
        {
          "schema_version": 1,
          "attributes": {
            "arn": "arn:aws:ec2:us-east-1:097410909212:security-group/sg-00818d5aeab8c46db",
            "description": "Allow ssh access for linux host",
            "egress": [
              {
                "cidr_blocks": [
                  "0.0.0.0/0"
                ],
                "description": "",
                "from_port": 0,
                "ipv6_cidr_blocks": [],
                "prefix_list_ids": [],
                "protocol": "-1",
                "security_groups": [],
                "self": false,
                "to_port": 0
              }
            ],
            "id": "sg-00818d5aeab8c46db",
            "ingress": [
              {
                "cidr_blocks": [
                  "172.23.0.0/16"
                ],
                "description": "SSH port",
                "from_port": 22,
                "ipv6_cidr_blocks": [],
                "prefix_list_ids": [],
                "protocol": "tcp",
                "security_groups": [],
                "self": false,
                "to_port": 22
              }
            ],
            "name": "sg_caldera_linux",
            "name_prefix": "",
            "owner_id": "097410909212",
            "revoke_rules_on_delete": false,
            "tags": {
              "environment": "caldera-test"
            },
            "tags_all": {
              "environment": "caldera-test"
            },
            "timeouts": null,
            "vpc_id": "vpc-09e50b62f3bc181ad"
          },
          "sensitive_attributes": [],
          "private": "eyJlMmJmYjczMC1lY2FhLTExZTYtOGY4OC0zNDM2M2JjN2M0YzAiOnsiY3JlYXRlIjo2MDAwMDAwMDAwMDAsImRlbGV0ZSI6OTAwMDAwMDAwMDAwfSwic2NoZW1hX3ZlcnNpb24iOiIxIn0=",
          "dependencies": [
            "module.vpc.aws_vpc.this"
          ]
        }
      ]
    },
    {
      "mode": "managed",
      "type": "aws_security_group",
      "name": "sg_caldera_server",
      "provider": "provider[\"registry.terraform.io/hashicorp/aws\"]",
      "instances": [
        {
          "schema_version": 1,
          "attributes": {
            "arn": "arn:aws:ec2:us-east-1:097410909212:security-group/sg-0e7a410fb11505f91",
            "description": "Allow ports for caldera server",
            "egress": [
              {
                "cidr_blocks": [
                  "0.0.0.0/0"
                ],
                "description": "",
                "from_port": 0,
                "ipv6_cidr_blocks": [],
                "prefix_list_ids": [],
                "protocol": "-1",
                "security_groups": [],
                "self": false,
                "to_port": 0
              }
            ],
            "id": "sg-0e7a410fb11505f91",
            "ingress": [
              {
                "cidr_blocks": [
                  "0.0.0.0/0"
                ],
                "description": "Caldera server port",
                "from_port": 2288,
                "ipv6_cidr_blocks": [],
                "prefix_list_ids": [],
                "protocol": "tcp",
                "security_groups": [],
                "self": false,
                "to_port": 2288
              },
              {
                "cidr_blocks": [
                  "0.0.0.0/0"
                ],
                "description": "SSH from VPC",
                "from_port": 22,
                "ipv6_cidr_blocks": [],
                "prefix_list_ids": [],
                "protocol": "tcp",
                "security_groups": [],
                "self": false,
                "to_port": 22
              }
            ],
            "name": "sg_caldera_server",
            "name_prefix": "",
            "owner_id": "097410909212",
            "revoke_rules_on_delete": false,
            "tags": {
              "environment": "caldera-test"
            },
            "tags_all": {
              "environment": "caldera-test"
            },
            "timeouts": null,
            "vpc_id": "vpc-09e50b62f3bc181ad"
          },
          "sensitive_attributes": [],
          "private": "eyJlMmJmYjczMC1lY2FhLTExZTYtOGY4OC0zNDM2M2JjN2M0YzAiOnsiY3JlYXRlIjo2MDAwMDAwMDAwMDAsImRlbGV0ZSI6OTAwMDAwMDAwMDAwfSwic2NoZW1hX3ZlcnNpb24iOiIxIn0=",
          "dependencies": [
            "module.vpc.aws_vpc.this"
          ]
        }
      ]
    },
    {
      "mode": "managed",
      "type": "aws_security_group",
      "name": "sg_caldera_windows",
      "provider": "provider[\"registry.terraform.io/hashicorp/aws\"]",
      "instances": [
        {
          "schema_version": 1,
          "attributes": {
            "arn": "arn:aws:ec2:us-east-1:097410909212:security-group/sg-04cdcffbb11cd0b1a",
            "description": "Allow RDP for windows host",
            "egress": [
              {
                "cidr_blocks": [
                  "0.0.0.0/0"
                ],
                "description": "",
                "from_port": 0,
                "ipv6_cidr_blocks": [],
                "prefix_list_ids": [],
                "protocol": "-1",
                "security_groups": [],
                "self": false,
                "to_port": 0
              }
            ],
            "id": "sg-04cdcffbb11cd0b1a",
            "ingress": [
              {
                "cidr_blocks": [
                  "0.0.0.0/0"
                ],
                "description": "RDP port",
                "from_port": 3389,
                "ipv6_cidr_blocks": [],
                "prefix_list_ids": [],
                "protocol": "tcp",
                "security_groups": [],
                "self": false,
                "to_port": 3389
              }
            ],
            "name": "sg_caldera_windows",
            "name_prefix": "",
            "owner_id": "097410909212",
            "revoke_rules_on_delete": false,
            "tags": {
              "environment": "caldera-test"
            },
            "tags_all": {
              "environment": "caldera-test"
            },
            "timeouts": null,
            "vpc_id": "vpc-09e50b62f3bc181ad"
          },
          "sensitive_attributes": [],
          "private": "eyJlMmJmYjczMC1lY2FhLTExZTYtOGY4OC0zNDM2M2JjN2M0YzAiOnsiY3JlYXRlIjo2MDAwMDAwMDAwMDAsImRlbGV0ZSI6OTAwMDAwMDAwMDAwfSwic2NoZW1hX3ZlcnNpb24iOiIxIn0=",
          "dependencies": [
            "module.vpc.aws_vpc.this"
          ]
        }
      ]
    },
    {
      "module": "module.aws_rsa_key",
      "mode": "managed",
      "type": "aws_key_pair",
      "name": "worker",
      "provider": "provider[\"registry.terraform.io/hashicorp/aws\"]",
      "instances": [
        {
          "schema_version": 1,
          "attributes": {
            "arn": "arn:aws:ec2:us-east-1:097410909212:key-pair/caldera-nodes",
            "fingerprint": "2d:07:4e:67:ad:3e:bf:3c:1f:23:dc:df:bb:1e:5c:a3",
            "id": "caldera-nodes",
            "key_name": "caldera-nodes",
            "key_name_prefix": "",
            "key_pair_id": "key-05b0db3764d89269b",
            "key_type": "rsa",
            "public_key": "ssh-rsa AAAAB3NzaC1yc2EAAAADAQABAAACAQCeaZTgM8z1uaEakRtdPiIg2YlwwHHnaBsqwhmrXL1PkVlzO5R6m5sGyfmnOR9NiT32Kk7TY5NAxlDMHvIoCe3mf20YfifrfiILJke7YXTmo873y6gXJ8P1S1qQ9KMjS9vnVI15jGMHnJzvaSC82cU0JI/jdifcLgRaDlXFZkXDzGbShIDnp4lMTc1CJfwpwtt2FeIpO11QAZf/KZh/KSeieZNkIv+LF24Q2BSfvLkresuFnOoM86nXO+IUwBA60Y9z8MGwTW466j8xOyGEdQ1dJUBGTSK1EZpqaiqPMeKpw83YL1VhdnuyJLBg/x8wLRcL8j9zKY6jGRJubRnfnJwJMuhoU2XPld6Afn9B3WVpjQBziz4Yl0G1Tz5jSH0ub1AzkS0h1US546wcQpT7Tu8NbMT8hCEATuY9tq3n3Jv/UwjBhlbOKBGg1imG/88mRn38Zp95ZNXzOUHnXROkepGTu+H+Fcu0JuimSNdIJDapYzfDITKHK4EfJpv7npDCeF+7VaCmppV5qlW8MFHG7v/NyDz+ClLo3yi3E+PQvaoq6OAC7uVaEVY+1/xfIQAqdR/etqfknvWXy4T4pg6XkR1NPipUxOL46we2mZktZB/K89LxiRqJstnhRh2R2CEqKI6BquQHcVNCir1SjWzLavzZCUwEP5THNuEVOawRgNMm2Q==",
            "tags": {},
            "tags_all": {}
          },
          "sensitive_attributes": [],
          "private": "eyJzY2hlbWFfdmVyc2lvbiI6IjEifQ==",
          "dependencies": [
            "module.aws_rsa_key.tls_private_key.ssh_key",
            "module.vpc.aws_cloudwatch_log_group.flow_log",
            "module.vpc.aws_customer_gateway.this",
            "module.vpc.aws_db_subnet_group.database",
            "module.vpc.aws_default_network_acl.this",
            "module.vpc.aws_default_route_table.default",
            "module.vpc.aws_default_security_group.this",
            "module.vpc.aws_default_vpc.this",
            "module.vpc.aws_egress_only_internet_gateway.this",
            "module.vpc.aws_eip.nat",
            "module.vpc.aws_elasticache_subnet_group.elasticache",
            "module.vpc.aws_flow_log.this",
            "module.vpc.aws_iam_policy.vpc_flow_log_cloudwatch",
            "module.vpc.aws_iam_role.vpc_flow_log_cloudwatch",
            "module.vpc.aws_iam_role_policy_attachment.vpc_flow_log_cloudwatch",
            "module.vpc.aws_internet_gateway.this",
            "module.vpc.aws_nat_gateway.this",
            "module.vpc.aws_network_acl.database",
            "module.vpc.aws_network_acl.elasticache",
            "module.vpc.aws_network_acl.intra",
            "module.vpc.aws_network_acl.outpost",
            "module.vpc.aws_network_acl.private",
            "module.vpc.aws_network_acl.public",
            "module.vpc.aws_network_acl.redshift",
            "module.vpc.aws_network_acl_rule.database_inbound",
            "module.vpc.aws_network_acl_rule.database_outbound",
            "module.vpc.aws_network_acl_rule.elasticache_inbound",
            "module.vpc.aws_network_acl_rule.elasticache_outbound",
            "module.vpc.aws_network_acl_rule.intra_inbound",
            "module.vpc.aws_network_acl_rule.intra_outbound",
            "module.vpc.aws_network_acl_rule.outpost_inbound",
            "module.vpc.aws_network_acl_rule.outpost_outbound",
            "module.vpc.aws_network_acl_rule.private_inbound",
            "module.vpc.aws_network_acl_rule.private_outbound",
            "module.vpc.aws_network_acl_rule.public_inbound",
            "module.vpc.aws_network_acl_rule.public_outbound",
            "module.vpc.aws_network_acl_rule.redshift_inbound",
            "module.vpc.aws_network_acl_rule.redshift_outbound",
            "module.vpc.aws_redshift_subnet_group.redshift",
            "module.vpc.aws_route.database_internet_gateway",
            "module.vpc.aws_route.database_ipv6_egress",
            "module.vpc.aws_route.database_nat_gateway",
            "module.vpc.aws_route.private_ipv6_egress",
            "module.vpc.aws_route.private_nat_gateway",
            "module.vpc.aws_route.public_internet_gateway",
            "module.vpc.aws_route.public_internet_gateway_ipv6",
            "module.vpc.aws_route_table.database",
            "module.vpc.aws_route_table.elasticache",
            "module.vpc.aws_route_table.intra",
            "module.vpc.aws_route_table.private",
            "module.vpc.aws_route_table.public",
            "module.vpc.aws_route_table.redshift",
            "module.vpc.aws_route_table_association.database",
            "module.vpc.aws_route_table_association.elasticache",
            "module.vpc.aws_route_table_association.intra",
            "module.vpc.aws_route_table_association.outpost",
            "module.vpc.aws_route_table_association.private",
            "module.vpc.aws_route_table_association.public",
            "module.vpc.aws_route_table_association.redshift",
            "module.vpc.aws_route_table_association.redshift_public",
            "module.vpc.aws_subnet.database",
            "module.vpc.aws_subnet.elasticache",
            "module.vpc.aws_subnet.intra",
            "module.vpc.aws_subnet.outpost",
            "module.vpc.aws_subnet.private",
            "module.vpc.aws_subnet.public",
            "module.vpc.aws_subnet.redshift",
            "module.vpc.aws_vpc.this",
            "module.vpc.aws_vpc_dhcp_options.this",
            "module.vpc.aws_vpc_dhcp_options_association.this",
            "module.vpc.aws_vpc_ipv4_cidr_block_association.this",
            "module.vpc.aws_vpn_gateway.this",
            "module.vpc.aws_vpn_gateway_attachment.this",
            "module.vpc.aws_vpn_gateway_route_propagation.intra",
            "module.vpc.aws_vpn_gateway_route_propagation.private",
            "module.vpc.aws_vpn_gateway_route_propagation.public",
            "module.vpc.data.aws_iam_policy_document.flow_log_cloudwatch_assume_role",
            "module.vpc.data.aws_iam_policy_document.vpc_flow_log_cloudwatch"
          ]
        }
      ]
    },
    {
      "module": "module.aws_rsa_key",
      "mode": "managed",
      "type": "tls_private_key",
      "name": "ssh_key",
      "provider": "provider[\"registry.terraform.io/hashicorp/tls\"]",
      "instances": [
        {
          "schema_version": 1,
          "attributes": {
            "algorithm": "RSA",
            "ecdsa_curve": "P224",
            "id": "4eb793ff946c3989b5232702373db84393552696",
            "private_key_openssh": "-----BEGIN OPENSSH PRIVATE KEY-----\nb3BlbnNzaC1rZXktdjEAAAAABG5vbmUAAAAEbm9uZQAAAAAAAAABAAACFwAAAAdz\nc2gtcnNhAAAAAwEAAQAAAgEAnmmU4DPM9bmhGpEbXT4iINmJcMBx52gbKsIZq1y9\nT5FZczuUepubBsn5pzkfTYk99ipO02OTQMZQzB7yKAnt5n9tGH4n634iCyZHu2F0\n5qPO98uoFyfD9UtakPSjI0vb51SNeYxjB5yc72kgvNnFNCSP43Yn3C4EWg5VxWZF\nw8xm0oSA56eJTE3NQiX8KcLbdhXiKTtdUAGX/ymYfyknonmTZCL/ixduENgUn7y5\nK3rLhZzqDPOp1zviFMAQOtGPc/DBsE1uOuo/MTshhHUNXSVARk0itRGaamoqjzHi\nqcPN2C9VYXZ7siSwYP8fMC0XC/I/cymOoxkSbm0Z35ycCTLoaFNlz5XegH5/Qd1l\naY0Ac4s+GJdBtU8+Y0h9Lm9QM5EtIdVEueOsHEKU+07vDWzE/IQhAE7mPbat59yb\n/1MIwYZWzigRoNYphv/PJkZ9/GafeWTV8zlB510TpHqRk7vh/hXLtCbopkjXSCQ2\nqWM3wyEyhyuBHyab+56Qwnhfu1WgpqaVeapVvDBRxu7/zcg8/gpS6N8otxPj0L2q\nKujgAu7lWhFWPtf8XyEAKnUf3ran5J71l8uE+KYOl5EdTT4qVMTi+OsHtpmZLWQf\nyvPS8YkaibLZ4UYdkdghKiiOgarkB3FTQoq9Uo1sy2r82QlMBD+UxzbhFTmsEYDT\nJtkAAAc4knEt85JxLfMAAAAHc3NoLXJzYQAAAgEAnmmU4DPM9bmhGpEbXT4iINmJ\ncMBx52gbKsIZq1y9T5FZczuUepubBsn5pzkfTYk99ipO02OTQMZQzB7yKAnt5n9t\nGH4n634iCyZHu2F05qPO98uoFyfD9UtakPSjI0vb51SNeYxjB5yc72kgvNnFNCSP\n43Yn3C4EWg5VxWZFw8xm0oSA56eJTE3NQiX8KcLbdhXiKTtdUAGX/ymYfyknonmT\nZCL/ixduENgUn7y5K3rLhZzqDPOp1zviFMAQOtGPc/DBsE1uOuo/MTshhHUNXSVA\nRk0itRGaamoqjzHiqcPN2C9VYXZ7siSwYP8fMC0XC/I/cymOoxkSbm0Z35ycCTLo\naFNlz5XegH5/Qd1laY0Ac4s+GJdBtU8+Y0h9Lm9QM5EtIdVEueOsHEKU+07vDWzE\n/IQhAE7mPbat59yb/1MIwYZWzigRoNYphv/PJkZ9/GafeWTV8zlB510TpHqRk7vh\n/hXLtCbopkjXSCQ2qWM3wyEyhyuBHyab+56Qwnhfu1WgpqaVeapVvDBRxu7/zcg8\n/gpS6N8otxPj0L2qKujgAu7lWhFWPtf8XyEAKnUf3ran5J71l8uE+KYOl5EdTT4q\nVMTi+OsHtpmZLWQfyvPS8YkaibLZ4UYdkdghKiiOgarkB3FTQoq9Uo1sy2r82QlM\nBD+UxzbhFTmsEYDTJtkAAAADAQABAAACABHK6Bbamp3K8MZsH/e0H98yr9ZDN0f3\nkH2X+YweyYCjYbmoqn+u9JWpn+nhZ5us25HHpLznhUWUQMT8gNRwcREfpOBIYzF3\nJFm+PfZU9u1k3r1EWafoJoFpqk13vM8dGSD9hTpuwzy6oYHee/faOeUmaibxQX7g\niEqZK5cVaqaYUcA5c8URM0Gnx3MzkwQZx86WnKVm7o8q7qiRQnid5b7BCwYHTE6S\nHiG0M3TRnLa+fxeNzVgREjWDm1wbSndgzE0IcKjduZDSeLCN5LDc+NhKc9KxnUFb\nLc3gCNG2l6/bt0Yd4ugkh7Y1mr36ScV+ewUze17y/vtguIpApNRR4dCVbeqAlqrh\nvVASKHofhCTkPH33r6N+0+b1rvMe9F69HrhmchFdwQ5dDzneUcNNvDD+ZjQSsRmH\nIfzUqsqBSyn4NlViusr5qMBtSserHEG9fnPzm0+XvGtjoXqDZAh2PKlls8ZldlSe\nfxZ/sDIFlbfcJbcqABHcQQBod6BhfHDmPmlaXZYCjMcuLwIsJRv70mzai0JLTWTu\nNPcak31dhcp5RCnBRCuAWGDjKDdBeIHcITjbyRC5MKLQRsGGeGiLDZGQZKKptIfe\niy45/JzXlWXz08No5hLpye4+1nvxQWZbO3+mT+ih96kYFgCaJvfEUHxBdf2ukrSU\nFFXQAMrH3crlAAABAAPWDbI1ya28Y+7kNRuFF+qxIbLxY2Ot4T7gZozKvcYMRR2A\n5GlxOaUwHEeVS0WsUrILgrvCSs/5r9NGxlFR1XYtr9fiGN2ggcUuNlT4IJioaW0v\nlvXGx8KSgg9XecHlasuvr+XqjCNvdgTAiYMoqTI+YRbLiwSUu35JkzWr6KRzM6UW\nQOhAOdxn0mwF5ysGDEsjmuc/6352enps6Yu8Nx6oVbgAXC/zy3t6WpX6jq3etFa4\nYSGAqXbYpdW8/5nkoEyNo6S0zg2EJMk+G2xYvoidFgbcdV9rPGWSYEytPNhKMmre\n5OyOVUz9RahcEE3KhmEvnfjwHBXLkb4qIMCSnesAAAEBAM+i/SsM6wMmSedq4Dlp\nm8bzDVBppuNx+cOPzM9kDuSm5NAK2zcIaukRlYWUKcnrj3p5wa4z3Ob0HBUF/4Et\nS43dNEBoZ6YJJUiYHnPJT4Q05tcNPNlNVikUq0cdbJL39JY3skzBAJy4uXb4/axI\n2JGnUxyCNEVg3RtD/VuNKjkUpjYMWFfuNTl7I4kD0ldPSGUVsQX3RQxyX9IQ8d+3\n2TG/SF9khWTOJnytAAM6eN5YaczUBrRoK8j1wOemFuhpHfvFIDW2X6Ms4MwLgOpw\nfFl3r88R88977EWHwtMFn9Qq5azDC/1lSqBexC2qv8IOwr+61I0Eq6QXi9y2tqM6\nq1MAAAEBAMNPb96uiNCeER41GP1jZJeTZDTcnFLoDLtLymZV9dxWsSuJtjn9tEhq\ngCV0OXz2da795vR9dXlINTkyP4HxbFLGbob+lRg2qidiJYim5oWgSqoh5aIscqHm\nj6B2jcvyhtMhnZMcXZwSvyEjQ/j/rRJV3Fx+qnVYnCMzPP9F3jJPcZsCFivHTqHQ\niHn6qG5twj/ra0EXSxV0ZCQRZzsKoQqtTNsuum76nFHzgkC7dR90D0rKfnEqRSGh\njXahBCNcjsLA6aLIPpy2DFQvJ0TrGzpqB3NiAYfNYloc5MPjG/4BgUo0E8RTadJn\nb3N99AkvulYl7SXWj/uBp4ne046Gi6MAAAAAAQID\n-----END OPENSSH PRIVATE KEY-----\n",
            "private_key_pem": "-----BEGIN RSA PRIVATE KEY-----\nMIIJKAIBAAKCAgEAnmmU4DPM9bmhGpEbXT4iINmJcMBx52gbKsIZq1y9T5FZczuU\nepubBsn5pzkfTYk99ipO02OTQMZQzB7yKAnt5n9tGH4n634iCyZHu2F05qPO98uo\nFyfD9UtakPSjI0vb51SNeYxjB5yc72kgvNnFNCSP43Yn3C4EWg5VxWZFw8xm0oSA\n56eJTE3NQiX8KcLbdhXiKTtdUAGX/ymYfyknonmTZCL/ixduENgUn7y5K3rLhZzq\nDPOp1zviFMAQOtGPc/DBsE1uOuo/MTshhHUNXSVARk0itRGaamoqjzHiqcPN2C9V\nYXZ7siSwYP8fMC0XC/I/cymOoxkSbm0Z35ycCTLoaFNlz5XegH5/Qd1laY0Ac4s+\nGJdBtU8+Y0h9Lm9QM5EtIdVEueOsHEKU+07vDWzE/IQhAE7mPbat59yb/1MIwYZW\nzigRoNYphv/PJkZ9/GafeWTV8zlB510TpHqRk7vh/hXLtCbopkjXSCQ2qWM3wyEy\nhyuBHyab+56Qwnhfu1WgpqaVeapVvDBRxu7/zcg8/gpS6N8otxPj0L2qKujgAu7l\nWhFWPtf8XyEAKnUf3ran5J71l8uE+KYOl5EdTT4qVMTi+OsHtpmZLWQfyvPS8Yka\nibLZ4UYdkdghKiiOgarkB3FTQoq9Uo1sy2r82QlMBD+UxzbhFTmsEYDTJtkCAwEA\nAQKCAgARyugW2pqdyvDGbB/3tB/fMq/WQzdH95B9l/mMHsmAo2G5qKp/rvSVqZ/p\n4WebrNuRx6S854VFlEDE/IDUcHERH6TgSGMxdyRZvj32VPbtZN69RFmn6CaBaapN\nd7zPHRkg/YU6bsM8uqGB3nv32jnlJmom8UF+4IhKmSuXFWqmmFHAOXPFETNBp8dz\nM5MEGcfOlpylZu6PKu6okUJ4neW+wQsGB0xOkh4htDN00Zy2vn8Xjc1YERI1g5tc\nG0p3YMxNCHCo3bmQ0niwjeSw3PjYSnPSsZ1BWy3N4AjRtpev27dGHeLoJIe2NZq9\n+knFfnsFM3te8v77YLiKQKTUUeHQlW3qgJaq4b1QEih6H4Qk5Dx996+jftPm9a7z\nHvRevR64ZnIRXcEOXQ853lHDTbww/mY0ErEZhyH81KrKgUsp+DZVYrrK+ajAbUrH\nqxxBvX5z85tPl7xrY6F6g2QIdjypZbPGZXZUnn8Wf7AyBZW33CW3KgAR3EEAaHeg\nYXxw5j5pWl2WAozHLi8CLCUb+9Js2otCS01k7jT3GpN9XYXKeUQpwUQrgFhg4yg3\nQXiB3CE428kQuTCi0EbBhnhoiw2RkGSiqbSH3osuOfyc15Vl89PDaOYS6cnuPtZ7\n8UFmWzt/pk/oofepGBYAmib3xFB8QXX9rpK0lBRV0ADKx93K5QKCAQEAz6L9Kwzr\nAyZJ52rgOWmbxvMNUGmm43H5w4/Mz2QO5Kbk0ArbNwhq6RGVhZQpyeuPennBrjPc\n5vQcFQX/gS1Ljd00QGhnpgklSJgec8lPhDTm1w082U1WKRSrRx1skvf0ljeyTMEA\nnLi5dvj9rEjYkadTHII0RWDdG0P9W40qORSmNgxYV+41OXsjiQPSV09IZRWxBfdF\nDHJf0hDx37fZMb9IX2SFZM4mfK0AAzp43lhpzNQGtGgryPXA56YW6Gkd+8UgNbZf\noyzgzAuA6nB8WXevzxHzz3vsRYfC0wWf1CrlrMML/WVKoF7ELaq/wg7Cv7rUjQSr\npBeL3La2ozqrUwKCAQEAw09v3q6I0J4RHjUY/WNkl5NkNNycUugMu0vKZlX13Fax\nK4m2Of20SGqAJXQ5fPZ1rv3m9H11eUg1OTI/gfFsUsZuhv6VGDaqJ2IliKbmhaBK\nqiHloixyoeaPoHaNy/KG0yGdkxxdnBK/ISND+P+tElXcXH6qdVicIzM8/0XeMk9x\nmwIWK8dOodCIefqobm3CP+trQRdLFXRkJBFnOwqhCq1M2y66bvqcUfOCQLt1H3QP\nSsp+cSpFIaGNdqEEI1yOwsDposg+nLYMVC8nROsbOmoHc2IBh81iWhzkw+Mb/gGB\nSjQTxFNp0mdvc330CS+6ViXtJdaP+4Gnid7TjoaLowKCAQEAq3CIWONxqEgU/V7h\nhIYOeVZ1x890XJffAfnZweN76I9kneJY3je1DnvWWVTcrDwzW4zsvklUO92S0kkB\njkc3+wqJ+iQ6cH1cq3PusOunHCIR976WX1Xbrk/CnBVPcIoLCX0zWuyA9OYRPIqZ\n6Ya8Soc9uGxJfH9eEQUyTEVid371PeszhmbIy41A6gCdzDlKLSyb3bEs8fn95BTZ\noT7LtqeZuinlejY80PSG7iN5aRzXPqhSYOMiQ+umO56Hi54/g4Jf9fl/PdvwQIm/\nB9OY2MZaAz9vcAGCNGbEFjiunyBMQzlIzRC1bXTRxmMVscU+R9Cbb1RL5FEMylCS\nvHPUwQKCAQBrpisI17Y9FgJlXerKLrBRA0ImCLp4z8HEsf967EI5EedREfRIfleR\n2nGLM0ZEZCt1KijT9Rp8oJoFTnbGjmSgMxLUgRl4YRjj4CrD6QoB+NlucIR7IHiG\nV+guD2oUUTaSxGJvpSDLV2HVR/S9F18zTfPJX19gklhs5l7mbIINxM/fGgVSV+Y1\nNhUi9k9DnmeEh6N0GvyddKuFXbpCRpeApQhJfrXvWV4zpT3To/7oOTX8iSOsCBpW\ncQ7hpdn8C5X8LgwYVrp78bNV6y9/wv4c8jftFsW1LjTZajeE6HaTSA0U8yM6AKfA\n+pXpWDDbp1zTAtB1HI/7lfjb+t8sHWh1AoIBAAPWDbI1ya28Y+7kNRuFF+qxIbLx\nY2Ot4T7gZozKvcYMRR2A5GlxOaUwHEeVS0WsUrILgrvCSs/5r9NGxlFR1XYtr9fi\nGN2ggcUuNlT4IJioaW0vlvXGx8KSgg9XecHlasuvr+XqjCNvdgTAiYMoqTI+YRbL\niwSUu35JkzWr6KRzM6UWQOhAOdxn0mwF5ysGDEsjmuc/6352enps6Yu8Nx6oVbgA\nXC/zy3t6WpX6jq3etFa4YSGAqXbYpdW8/5nkoEyNo6S0zg2EJMk+G2xYvoidFgbc\ndV9rPGWSYEytPNhKMmre5OyOVUz9RahcEE3KhmEvnfjwHBXLkb4qIMCSnes=\n-----END RSA PRIVATE KEY-----\n",
            "private_key_pem_pkcs8": "-----BEGIN PRIVATE KEY-----\nMIIJQgIBADANBgkqhkiG9w0BAQEFAASCCSwwggkoAgEAAoICAQCeaZTgM8z1uaEa\nkRtdPiIg2YlwwHHnaBsqwhmrXL1PkVlzO5R6m5sGyfmnOR9NiT32Kk7TY5NAxlDM\nHvIoCe3mf20YfifrfiILJke7YXTmo873y6gXJ8P1S1qQ9KMjS9vnVI15jGMHnJzv\naSC82cU0JI/jdifcLgRaDlXFZkXDzGbShIDnp4lMTc1CJfwpwtt2FeIpO11QAZf/\nKZh/KSeieZNkIv+LF24Q2BSfvLkresuFnOoM86nXO+IUwBA60Y9z8MGwTW466j8x\nOyGEdQ1dJUBGTSK1EZpqaiqPMeKpw83YL1VhdnuyJLBg/x8wLRcL8j9zKY6jGRJu\nbRnfnJwJMuhoU2XPld6Afn9B3WVpjQBziz4Yl0G1Tz5jSH0ub1AzkS0h1US546wc\nQpT7Tu8NbMT8hCEATuY9tq3n3Jv/UwjBhlbOKBGg1imG/88mRn38Zp95ZNXzOUHn\nXROkepGTu+H+Fcu0JuimSNdIJDapYzfDITKHK4EfJpv7npDCeF+7VaCmppV5qlW8\nMFHG7v/NyDz+ClLo3yi3E+PQvaoq6OAC7uVaEVY+1/xfIQAqdR/etqfknvWXy4T4\npg6XkR1NPipUxOL46we2mZktZB/K89LxiRqJstnhRh2R2CEqKI6BquQHcVNCir1S\njWzLavzZCUwEP5THNuEVOawRgNMm2QIDAQABAoICABHK6Bbamp3K8MZsH/e0H98y\nr9ZDN0f3kH2X+YweyYCjYbmoqn+u9JWpn+nhZ5us25HHpLznhUWUQMT8gNRwcREf\npOBIYzF3JFm+PfZU9u1k3r1EWafoJoFpqk13vM8dGSD9hTpuwzy6oYHee/faOeUm\naibxQX7giEqZK5cVaqaYUcA5c8URM0Gnx3MzkwQZx86WnKVm7o8q7qiRQnid5b7B\nCwYHTE6SHiG0M3TRnLa+fxeNzVgREjWDm1wbSndgzE0IcKjduZDSeLCN5LDc+NhK\nc9KxnUFbLc3gCNG2l6/bt0Yd4ugkh7Y1mr36ScV+ewUze17y/vtguIpApNRR4dCV\nbeqAlqrhvVASKHofhCTkPH33r6N+0+b1rvMe9F69HrhmchFdwQ5dDzneUcNNvDD+\nZjQSsRmHIfzUqsqBSyn4NlViusr5qMBtSserHEG9fnPzm0+XvGtjoXqDZAh2PKll\ns8ZldlSefxZ/sDIFlbfcJbcqABHcQQBod6BhfHDmPmlaXZYCjMcuLwIsJRv70mza\ni0JLTWTuNPcak31dhcp5RCnBRCuAWGDjKDdBeIHcITjbyRC5MKLQRsGGeGiLDZGQ\nZKKptIfeiy45/JzXlWXz08No5hLpye4+1nvxQWZbO3+mT+ih96kYFgCaJvfEUHxB\ndf2ukrSUFFXQAMrH3crlAoIBAQDPov0rDOsDJknnauA5aZvG8w1QaabjcfnDj8zP\nZA7kpuTQCts3CGrpEZWFlCnJ6496ecGuM9zm9BwVBf+BLUuN3TRAaGemCSVImB5z\nyU+ENObXDTzZTVYpFKtHHWyS9/SWN7JMwQCcuLl2+P2sSNiRp1McgjRFYN0bQ/1b\njSo5FKY2DFhX7jU5eyOJA9JXT0hlFbEF90UMcl/SEPHft9kxv0hfZIVkziZ8rQAD\nOnjeWGnM1Aa0aCvI9cDnphboaR37xSA1tl+jLODMC4DqcHxZd6/PEfPPe+xFh8LT\nBZ/UKuWswwv9ZUqgXsQtqr/CDsK/utSNBKukF4vctrajOqtTAoIBAQDDT2/erojQ\nnhEeNRj9Y2SXk2Q03JxS6Ay7S8pmVfXcVrEribY5/bRIaoAldDl89nWu/eb0fXV5\nSDU5Mj+B8WxSxm6G/pUYNqonYiWIpuaFoEqqIeWiLHKh5o+gdo3L8obTIZ2THF2c\nEr8hI0P4/60SVdxcfqp1WJwjMzz/Rd4yT3GbAhYrx06h0Ih5+qhubcI/62tBF0sV\ndGQkEWc7CqEKrUzbLrpu+pxR84JAu3UfdA9Kyn5xKkUhoY12oQQjXI7CwOmiyD6c\ntgxULydE6xs6agdzYgGHzWJaHOTD4xv+AYFKNBPEU2nSZ29zffQJL7pWJe0l1o/7\ngaeJ3tOOhoujAoIBAQCrcIhY43GoSBT9XuGEhg55VnXHz3Rcl98B+dnB43voj2Sd\n4ljeN7UOe9ZZVNysPDNbjOy+SVQ73ZLSSQGORzf7Con6JDpwfVyrc+6w66ccIhH3\nvpZfVduuT8KcFU9wigsJfTNa7ID05hE8ipnphrxKhz24bEl8f14RBTJMRWJ3fvU9\n6zOGZsjLjUDqAJ3MOUotLJvdsSzx+f3kFNmhPsu2p5m6KeV6NjzQ9IbuI3lpHNc+\nqFJg4yJD66Y7noeLnj+Dgl/1+X892/BAib8H05jYxloDP29wAYI0ZsQWOK6fIExD\nOUjNELVtdNHGYxWxxT5H0JtvVEvkUQzKUJK8c9TBAoIBAGumKwjXtj0WAmVd6sou\nsFEDQiYIunjPwcSx/3rsQjkR51ER9Eh+V5HacYszRkRkK3UqKNP1GnygmgVOdsaO\nZKAzEtSBGXhhGOPgKsPpCgH42W5whHsgeIZX6C4PahRRNpLEYm+lIMtXYdVH9L0X\nXzNN88lfX2CSWGzmXuZsgg3Ez98aBVJX5jU2FSL2T0OeZ4SHo3Qa/J10q4VdukJG\nl4ClCEl+te9ZXjOlPdOj/ug5NfyJI6wIGlZxDuGl2fwLlfwuDBhWunvxs1XrL3/C\n/hzyN+0WxbUuNNlqN4TodpNIDRTzIzoAp8D6lelYMNunXNMC0HUcj/uV+Nv63ywd\naHUCggEAA9YNsjXJrbxj7uQ1G4UX6rEhsvFjY63hPuBmjMq9xgxFHYDkaXE5pTAc\nR5VLRaxSsguCu8JKz/mv00bGUVHVdi2v1+IY3aCBxS42VPggmKhpbS+W9cbHwpKC\nD1d5weVqy6+v5eqMI292BMCJgyipMj5hFsuLBJS7fkmTNavopHMzpRZA6EA53GfS\nbAXnKwYMSyOa5z/rfnZ6emzpi7w3HqhVuABcL/PLe3palfqOrd60VrhhIYCpdtil\n1bz/meSgTI2jpLTODYQkyT4bbFi+iJ0WBtx1X2s8ZZJgTK082Eoyat7k7I5VTP1F\nqFwQTcqGYS+d+PAcFcuRviogwJKd6w==\n-----END PRIVATE KEY-----\n",
            "public_key_fingerprint_md5": "72:ba:e7:46:80:87:86:b8:19:b1:af:26:fe:eb:8e:d5",
            "public_key_fingerprint_sha256": "SHA256:m9dammACygYqbhWQosrsG8W6TD++QL3CIT9hn/G5a+I",
            "public_key_openssh": "ssh-rsa AAAAB3NzaC1yc2EAAAADAQABAAACAQCeaZTgM8z1uaEakRtdPiIg2YlwwHHnaBsqwhmrXL1PkVlzO5R6m5sGyfmnOR9NiT32Kk7TY5NAxlDMHvIoCe3mf20YfifrfiILJke7YXTmo873y6gXJ8P1S1qQ9KMjS9vnVI15jGMHnJzvaSC82cU0JI/jdifcLgRaDlXFZkXDzGbShIDnp4lMTc1CJfwpwtt2FeIpO11QAZf/KZh/KSeieZNkIv+LF24Q2BSfvLkresuFnOoM86nXO+IUwBA60Y9z8MGwTW466j8xOyGEdQ1dJUBGTSK1EZpqaiqPMeKpw83YL1VhdnuyJLBg/x8wLRcL8j9zKY6jGRJubRnfnJwJMuhoU2XPld6Afn9B3WVpjQBziz4Yl0G1Tz5jSH0ub1AzkS0h1US546wcQpT7Tu8NbMT8hCEATuY9tq3n3Jv/UwjBhlbOKBGg1imG/88mRn38Zp95ZNXzOUHnXROkepGTu+H+Fcu0JuimSNdIJDapYzfDITKHK4EfJpv7npDCeF+7VaCmppV5qlW8MFHG7v/NyDz+ClLo3yi3E+PQvaoq6OAC7uVaEVY+1/xfIQAqdR/etqfknvWXy4T4pg6XkR1NPipUxOL46we2mZktZB/K89LxiRqJstnhRh2R2CEqKI6BquQHcVNCir1SjWzLavzZCUwEP5THNuEVOawRgNMm2Q==\n",
            "public_key_pem": "-----BEGIN PUBLIC KEY-----\nMIICIjANBgkqhkiG9w0BAQEFAAOCAg8AMIICCgKCAgEAnmmU4DPM9bmhGpEbXT4i\nINmJcMBx52gbKsIZq1y9T5FZczuUepubBsn5pzkfTYk99ipO02OTQMZQzB7yKAnt\n5n9tGH4n634iCyZHu2F05qPO98uoFyfD9UtakPSjI0vb51SNeYxjB5yc72kgvNnF\nNCSP43Yn3C4EWg5VxWZFw8xm0oSA56eJTE3NQiX8KcLbdhXiKTtdUAGX/ymYfykn\nonmTZCL/ixduENgUn7y5K3rLhZzqDPOp1zviFMAQOtGPc/DBsE1uOuo/MTshhHUN\nXSVARk0itRGaamoqjzHiqcPN2C9VYXZ7siSwYP8fMC0XC/I/cymOoxkSbm0Z35yc\nCTLoaFNlz5XegH5/Qd1laY0Ac4s+GJdBtU8+Y0h9Lm9QM5EtIdVEueOsHEKU+07v\nDWzE/IQhAE7mPbat59yb/1MIwYZWzigRoNYphv/PJkZ9/GafeWTV8zlB510TpHqR\nk7vh/hXLtCbopkjXSCQ2qWM3wyEyhyuBHyab+56Qwnhfu1WgpqaVeapVvDBRxu7/\nzcg8/gpS6N8otxPj0L2qKujgAu7lWhFWPtf8XyEAKnUf3ran5J71l8uE+KYOl5Ed\nTT4qVMTi+OsHtpmZLWQfyvPS8YkaibLZ4UYdkdghKiiOgarkB3FTQoq9Uo1sy2r8\n2QlMBD+UxzbhFTmsEYDTJtkCAwEAAQ==\n-----END PUBLIC KEY-----\n",
            "rsa_bits": 4096
          },
          "sensitive_attributes": [],
          "dependencies": [
            "module.vpc.aws_cloudwatch_log_group.flow_log",
            "module.vpc.aws_customer_gateway.this",
            "module.vpc.aws_db_subnet_group.database",
            "module.vpc.aws_default_network_acl.this",
            "module.vpc.aws_default_route_table.default",
            "module.vpc.aws_default_security_group.this",
            "module.vpc.aws_default_vpc.this",
            "module.vpc.aws_egress_only_internet_gateway.this",
            "module.vpc.aws_eip.nat",
            "module.vpc.aws_elasticache_subnet_group.elasticache",
            "module.vpc.aws_flow_log.this",
            "module.vpc.aws_iam_policy.vpc_flow_log_cloudwatch",
            "module.vpc.aws_iam_role.vpc_flow_log_cloudwatch",
            "module.vpc.aws_iam_role_policy_attachment.vpc_flow_log_cloudwatch",
            "module.vpc.aws_internet_gateway.this",
            "module.vpc.aws_nat_gateway.this",
            "module.vpc.aws_network_acl.database",
            "module.vpc.aws_network_acl.elasticache",
            "module.vpc.aws_network_acl.intra",
            "module.vpc.aws_network_acl.outpost",
            "module.vpc.aws_network_acl.private",
            "module.vpc.aws_network_acl.public",
            "module.vpc.aws_network_acl.redshift",
            "module.vpc.aws_network_acl_rule.database_inbound",
            "module.vpc.aws_network_acl_rule.database_outbound",
            "module.vpc.aws_network_acl_rule.elasticache_inbound",
            "module.vpc.aws_network_acl_rule.elasticache_outbound",
            "module.vpc.aws_network_acl_rule.intra_inbound",
            "module.vpc.aws_network_acl_rule.intra_outbound",
            "module.vpc.aws_network_acl_rule.outpost_inbound",
            "module.vpc.aws_network_acl_rule.outpost_outbound",
            "module.vpc.aws_network_acl_rule.private_inbound",
            "module.vpc.aws_network_acl_rule.private_outbound",
            "module.vpc.aws_network_acl_rule.public_inbound",
            "module.vpc.aws_network_acl_rule.public_outbound",
            "module.vpc.aws_network_acl_rule.redshift_inbound",
            "module.vpc.aws_network_acl_rule.redshift_outbound",
            "module.vpc.aws_redshift_subnet_group.redshift",
            "module.vpc.aws_route.database_internet_gateway",
            "module.vpc.aws_route.database_ipv6_egress",
            "module.vpc.aws_route.database_nat_gateway",
            "module.vpc.aws_route.private_ipv6_egress",
            "module.vpc.aws_route.private_nat_gateway",
            "module.vpc.aws_route.public_internet_gateway",
            "module.vpc.aws_route.public_internet_gateway_ipv6",
            "module.vpc.aws_route_table.database",
            "module.vpc.aws_route_table.elasticache",
            "module.vpc.aws_route_table.intra",
            "module.vpc.aws_route_table.private",
            "module.vpc.aws_route_table.public",
            "module.vpc.aws_route_table.redshift",
            "module.vpc.aws_route_table_association.database",
            "module.vpc.aws_route_table_association.elasticache",
            "module.vpc.aws_route_table_association.intra",
            "module.vpc.aws_route_table_association.outpost",
            "module.vpc.aws_route_table_association.private",
            "module.vpc.aws_route_table_association.public",
            "module.vpc.aws_route_table_association.redshift",
            "module.vpc.aws_route_table_association.redshift_public",
            "module.vpc.aws_subnet.database",
            "module.vpc.aws_subnet.elasticache",
            "module.vpc.aws_subnet.intra",
            "module.vpc.aws_subnet.outpost",
            "module.vpc.aws_subnet.private",
            "module.vpc.aws_subnet.public",
            "module.vpc.aws_subnet.redshift",
            "module.vpc.aws_vpc.this",
            "module.vpc.aws_vpc_dhcp_options.this",
            "module.vpc.aws_vpc_dhcp_options_association.this",
            "module.vpc.aws_vpc_ipv4_cidr_block_association.this",
            "module.vpc.aws_vpn_gateway.this",
            "module.vpc.aws_vpn_gateway_attachment.this",
            "module.vpc.aws_vpn_gateway_route_propagation.intra",
            "module.vpc.aws_vpn_gateway_route_propagation.private",
            "module.vpc.aws_vpn_gateway_route_propagation.public",
            "module.vpc.data.aws_iam_policy_document.flow_log_cloudwatch_assume_role",
            "module.vpc.data.aws_iam_policy_document.vpc_flow_log_cloudwatch"
          ]
        }
      ]
    },
    {
      "module": "module.vpc",
      "mode": "managed",
      "type": "aws_eip",
      "name": "nat",
      "provider": "provider[\"registry.terraform.io/hashicorp/aws\"]",
      "instances": [
        {
          "index_key": 0,
          "schema_version": 0,
          "attributes": {
            "address": null,
            "allocation_id": "eipalloc-044677f57f62be1dc",
            "associate_with_private_ip": null,
            "association_id": "eipassoc-0292598524bd16773",
            "carrier_ip": "",
            "customer_owned_ip": "",
            "customer_owned_ipv4_pool": "",
            "domain": "vpc",
            "id": "eipalloc-044677f57f62be1dc",
            "instance": "",
            "network_border_group": "us-east-1",
            "network_interface": "eni-02f7b23d168e3b205",
            "private_dns": "ip-172-23-7-168.ec2.internal",
            "private_ip": "172.23.7.168",
            "public_dns": "ec2-72-44-37-157.compute-1.amazonaws.com",
            "public_ip": "72.44.37.157",
            "public_ipv4_pool": "amazon",
            "tags": {
              "Name": "VPC-us-east-1a"
            },
            "tags_all": {
              "Name": "VPC-us-east-1a"
            },
            "timeouts": null,
            "vpc": true
          },
          "sensitive_attributes": [],
          "private": "eyJlMmJmYjczMC1lY2FhLTExZTYtOGY4OC0zNDM2M2JjN2M0YzAiOnsiZGVsZXRlIjoxODAwMDAwMDAwMDAsInJlYWQiOjkwMDAwMDAwMDAwMCwidXBkYXRlIjozMDAwMDAwMDAwMDB9fQ=="
        }
      ]
    },
    {
      "module": "module.vpc",
      "mode": "managed",
      "type": "aws_internet_gateway",
      "name": "this",
      "provider": "provider[\"registry.terraform.io/hashicorp/aws\"]",
      "instances": [
        {
          "index_key": 0,
          "schema_version": 0,
          "attributes": {
            "arn": "arn:aws:ec2:us-east-1:097410909212:internet-gateway/igw-0ff1fbcbb258e8300",
            "id": "igw-0ff1fbcbb258e8300",
            "owner_id": "097410909212",
            "tags": {
              "Name": "VPC"
            },
            "tags_all": {
              "Name": "VPC"
            },
            "vpc_id": "vpc-09e50b62f3bc181ad"
          },
          "sensitive_attributes": [],
          "private": "bnVsbA==",
          "dependencies": [
            "module.vpc.aws_vpc.this",
            "module.vpc.aws_vpc_ipv4_cidr_block_association.this"
          ]
        }
      ]
    },
    {
      "module": "module.vpc",
      "mode": "managed",
      "type": "aws_nat_gateway",
      "name": "this",
      "provider": "provider[\"registry.terraform.io/hashicorp/aws\"]",
      "instances": [
        {
          "index_key": 0,
          "schema_version": 0,
          "attributes": {
            "allocation_id": "eipalloc-044677f57f62be1dc",
            "connectivity_type": "public",
            "id": "nat-06856e2a33d9093ca",
            "network_interface_id": "eni-02f7b23d168e3b205",
            "private_ip": "172.23.7.168",
            "public_ip": "72.44.37.157",
            "subnet_id": "subnet-0d4135342a35869b3",
            "tags": {
              "Name": "caldera-test_natgateway"
            },
            "tags_all": {
              "Name": "caldera-test_natgateway"
            }
          },
          "sensitive_attributes": [],
          "private": "bnVsbA==",
          "dependencies": [
            "module.vpc.aws_eip.nat",
            "module.vpc.aws_internet_gateway.this",
            "module.vpc.aws_subnet.public",
            "module.vpc.aws_vpc.this",
            "module.vpc.aws_vpc_ipv4_cidr_block_association.this"
          ]
        }
      ]
    },
    {
      "module": "module.vpc",
      "mode": "managed",
      "type": "aws_route",
      "name": "private_nat_gateway",
      "provider": "provider[\"registry.terraform.io/hashicorp/aws\"]",
      "instances": [
        {
          "index_key": 0,
          "schema_version": 0,
          "attributes": {
            "carrier_gateway_id": "",
            "core_network_arn": "",
            "destination_cidr_block": "0.0.0.0/0",
            "destination_ipv6_cidr_block": "",
            "destination_prefix_list_id": "",
            "egress_only_gateway_id": "",
            "gateway_id": "",
            "id": "r-rtb-03bd863e82c0ec1771080289494",
            "instance_id": "",
            "instance_owner_id": "",
            "local_gateway_id": "",
            "nat_gateway_id": "nat-06856e2a33d9093ca",
            "network_interface_id": "",
            "origin": "CreateRoute",
            "route_table_id": "rtb-03bd863e82c0ec177",
            "state": "active",
            "timeouts": {
              "create": "5m",
              "delete": null,
              "update": null
            },
            "transit_gateway_id": "",
            "vpc_endpoint_id": "",
            "vpc_peering_connection_id": ""
          },
          "sensitive_attributes": [],
          "private": "eyJlMmJmYjczMC1lY2FhLTExZTYtOGY4OC0zNDM2M2JjN2M0YzAiOnsiY3JlYXRlIjozMDAwMDAwMDAwMDAsImRlbGV0ZSI6MzAwMDAwMDAwMDAwLCJ1cGRhdGUiOjEyMDAwMDAwMDAwMH19",
          "dependencies": [
            "module.vpc.aws_eip.nat",
            "module.vpc.aws_internet_gateway.this",
            "module.vpc.aws_nat_gateway.this",
            "module.vpc.aws_route_table.private",
            "module.vpc.aws_subnet.public",
            "module.vpc.aws_vpc.this",
            "module.vpc.aws_vpc_ipv4_cidr_block_association.this"
          ]
        }
      ]
    },
    {
      "module": "module.vpc",
      "mode": "managed",
      "type": "aws_route",
      "name": "public_internet_gateway",
      "provider": "provider[\"registry.terraform.io/hashicorp/aws\"]",
      "instances": [
        {
          "index_key": 0,
          "schema_version": 0,
          "attributes": {
            "carrier_gateway_id": "",
            "core_network_arn": "",
            "destination_cidr_block": "0.0.0.0/0",
            "destination_ipv6_cidr_block": "",
            "destination_prefix_list_id": "",
            "egress_only_gateway_id": "",
            "gateway_id": "igw-0ff1fbcbb258e8300",
            "id": "r-rtb-002e9e42beca497b81080289494",
            "instance_id": "",
            "instance_owner_id": "",
            "local_gateway_id": "",
            "nat_gateway_id": "",
            "network_interface_id": "",
            "origin": "CreateRoute",
            "route_table_id": "rtb-002e9e42beca497b8",
            "state": "active",
            "timeouts": {
              "create": "5m",
              "delete": null,
              "update": null
            },
            "transit_gateway_id": "",
            "vpc_endpoint_id": "",
            "vpc_peering_connection_id": ""
          },
          "sensitive_attributes": [],
          "private": "eyJlMmJmYjczMC1lY2FhLTExZTYtOGY4OC0zNDM2M2JjN2M0YzAiOnsiY3JlYXRlIjozMDAwMDAwMDAwMDAsImRlbGV0ZSI6MzAwMDAwMDAwMDAwLCJ1cGRhdGUiOjEyMDAwMDAwMDAwMH19",
          "dependencies": [
            "module.vpc.aws_internet_gateway.this",
            "module.vpc.aws_route_table.public",
            "module.vpc.aws_vpc.this",
            "module.vpc.aws_vpc_ipv4_cidr_block_association.this"
          ]
        }
      ]
    },
    {
      "module": "module.vpc",
      "mode": "managed",
      "type": "aws_route_table",
      "name": "private",
      "provider": "provider[\"registry.terraform.io/hashicorp/aws\"]",
      "instances": [
        {
          "index_key": 0,
          "schema_version": 0,
          "attributes": {
            "arn": "arn:aws:ec2:us-east-1:097410909212:route-table/rtb-03bd863e82c0ec177",
            "id": "rtb-03bd863e82c0ec177",
            "owner_id": "097410909212",
            "propagating_vgws": [],
            "route": [
              {
                "carrier_gateway_id": "",
                "cidr_block": "0.0.0.0/0",
                "core_network_arn": "",
                "destination_prefix_list_id": "",
                "egress_only_gateway_id": "",
                "gateway_id": "",
                "instance_id": "",
                "ipv6_cidr_block": "",
                "local_gateway_id": "",
                "nat_gateway_id": "nat-06856e2a33d9093ca",
                "network_interface_id": "",
                "transit_gateway_id": "",
                "vpc_endpoint_id": "",
                "vpc_peering_connection_id": ""
              }
            ],
            "tags": {
              "Name": "VPC-private"
            },
            "tags_all": {
              "Name": "VPC-private"
            },
            "timeouts": null,
            "vpc_id": "vpc-09e50b62f3bc181ad"
          },
          "sensitive_attributes": [],
          "private": "eyJlMmJmYjczMC1lY2FhLTExZTYtOGY4OC0zNDM2M2JjN2M0YzAiOnsiY3JlYXRlIjozMDAwMDAwMDAwMDAsImRlbGV0ZSI6MzAwMDAwMDAwMDAwLCJ1cGRhdGUiOjEyMDAwMDAwMDAwMH19",
          "dependencies": [
            "module.vpc.aws_vpc.this",
            "module.vpc.aws_vpc_ipv4_cidr_block_association.this"
          ]
        }
      ]
    },
    {
      "module": "module.vpc",
      "mode": "managed",
      "type": "aws_route_table",
      "name": "public",
      "provider": "provider[\"registry.terraform.io/hashicorp/aws\"]",
      "instances": [
        {
          "index_key": 0,
          "schema_version": 0,
          "attributes": {
            "arn": "arn:aws:ec2:us-east-1:097410909212:route-table/rtb-002e9e42beca497b8",
            "id": "rtb-002e9e42beca497b8",
            "owner_id": "097410909212",
            "propagating_vgws": [],
            "route": [
              {
                "carrier_gateway_id": "",
                "cidr_block": "0.0.0.0/0",
                "core_network_arn": "",
                "destination_prefix_list_id": "",
                "egress_only_gateway_id": "",
                "gateway_id": "igw-0ff1fbcbb258e8300",
                "instance_id": "",
                "ipv6_cidr_block": "",
                "local_gateway_id": "",
                "nat_gateway_id": "",
                "network_interface_id": "",
                "transit_gateway_id": "",
                "vpc_endpoint_id": "",
                "vpc_peering_connection_id": ""
              }
            ],
            "tags": {
              "Name": "VPC-public"
            },
            "tags_all": {
              "Name": "VPC-public"
            },
            "timeouts": null,
            "vpc_id": "vpc-09e50b62f3bc181ad"
          },
          "sensitive_attributes": [],
          "private": "eyJlMmJmYjczMC1lY2FhLTExZTYtOGY4OC0zNDM2M2JjN2M0YzAiOnsiY3JlYXRlIjozMDAwMDAwMDAwMDAsImRlbGV0ZSI6MzAwMDAwMDAwMDAwLCJ1cGRhdGUiOjEyMDAwMDAwMDAwMH19",
          "dependencies": [
            "module.vpc.aws_vpc.this",
            "module.vpc.aws_vpc_ipv4_cidr_block_association.this"
          ]
        }
      ]
    },
    {
      "module": "module.vpc",
      "mode": "managed",
      "type": "aws_route_table_association",
      "name": "private",
      "provider": "provider[\"registry.terraform.io/hashicorp/aws\"]",
      "instances": [
        {
          "index_key": 0,
          "schema_version": 0,
          "attributes": {
            "gateway_id": "",
            "id": "rtbassoc-0d409d75cb07da5ba",
            "route_table_id": "rtb-03bd863e82c0ec177",
            "subnet_id": "subnet-0c4a314802d482137"
          },
          "sensitive_attributes": [],
          "private": "bnVsbA==",
          "dependencies": [
            "module.vpc.aws_route_table.private",
            "module.vpc.aws_subnet.private",
            "module.vpc.aws_vpc.this",
            "module.vpc.aws_vpc_ipv4_cidr_block_association.this"
          ]
        },
        {
          "index_key": 1,
          "schema_version": 0,
          "attributes": {
            "gateway_id": "",
            "id": "rtbassoc-0eb5766a882c48de3",
            "route_table_id": "rtb-03bd863e82c0ec177",
            "subnet_id": "subnet-03f03a39ba92eb140"
          },
          "sensitive_attributes": [],
          "private": "bnVsbA==",
          "dependencies": [
            "module.vpc.aws_route_table.private",
            "module.vpc.aws_subnet.private",
            "module.vpc.aws_vpc.this",
            "module.vpc.aws_vpc_ipv4_cidr_block_association.this"
          ]
        },
        {
          "index_key": 2,
          "schema_version": 0,
          "attributes": {
            "gateway_id": "",
            "id": "rtbassoc-0e7a44fc97c60bbeb",
            "route_table_id": "rtb-03bd863e82c0ec177",
            "subnet_id": "subnet-070c7c82cf8019b97"
          },
          "sensitive_attributes": [],
          "private": "bnVsbA==",
          "dependencies": [
            "module.vpc.aws_route_table.private",
            "module.vpc.aws_subnet.private",
            "module.vpc.aws_vpc.this",
            "module.vpc.aws_vpc_ipv4_cidr_block_association.this"
          ]
        },
        {
          "index_key": 3,
          "schema_version": 0,
          "attributes": {
            "gateway_id": "",
            "id": "rtbassoc-0723db8ac7dd7e7b5",
            "route_table_id": "rtb-03bd863e82c0ec177",
            "subnet_id": "subnet-042e63c470e143e2a"
          },
          "sensitive_attributes": [],
          "private": "bnVsbA==",
          "dependencies": [
            "module.vpc.aws_route_table.private",
            "module.vpc.aws_subnet.private",
            "module.vpc.aws_vpc.this",
            "module.vpc.aws_vpc_ipv4_cidr_block_association.this"
          ]
        },
        {
          "index_key": 4,
          "schema_version": 0,
          "attributes": {
            "gateway_id": "",
            "id": "rtbassoc-036e65f0a0403ef07",
            "route_table_id": "rtb-03bd863e82c0ec177",
            "subnet_id": "subnet-0a57bfa9834067207"
          },
          "sensitive_attributes": [],
          "private": "bnVsbA==",
          "dependencies": [
            "module.vpc.aws_route_table.private",
            "module.vpc.aws_subnet.private",
            "module.vpc.aws_vpc.this",
            "module.vpc.aws_vpc_ipv4_cidr_block_association.this"
          ]
        }
      ]
    },
    {
      "module": "module.vpc",
      "mode": "managed",
      "type": "aws_route_table_association",
      "name": "public",
      "provider": "provider[\"registry.terraform.io/hashicorp/aws\"]",
      "instances": [
        {
          "index_key": 0,
          "schema_version": 0,
          "attributes": {
            "gateway_id": "",
            "id": "rtbassoc-0479ca2b07d2a3a4d",
            "route_table_id": "rtb-002e9e42beca497b8",
            "subnet_id": "subnet-0d4135342a35869b3"
          },
          "sensitive_attributes": [],
          "private": "bnVsbA==",
          "dependencies": [
            "module.vpc.aws_route_table.public",
            "module.vpc.aws_subnet.public",
            "module.vpc.aws_vpc.this",
            "module.vpc.aws_vpc_ipv4_cidr_block_association.this"
          ]
        },
        {
          "index_key": 1,
          "schema_version": 0,
          "attributes": {
            "gateway_id": "",
            "id": "rtbassoc-08d3bad8c96dbbc08",
            "route_table_id": "rtb-002e9e42beca497b8",
            "subnet_id": "subnet-0da8b303e1a2ce7ec"
          },
          "sensitive_attributes": [],
          "private": "bnVsbA==",
          "dependencies": [
            "module.vpc.aws_route_table.public",
            "module.vpc.aws_subnet.public",
            "module.vpc.aws_vpc.this",
            "module.vpc.aws_vpc_ipv4_cidr_block_association.this"
          ]
        },
        {
          "index_key": 2,
          "schema_version": 0,
          "attributes": {
            "gateway_id": "",
            "id": "rtbassoc-0c720437637a4f23b",
            "route_table_id": "rtb-002e9e42beca497b8",
            "subnet_id": "subnet-0fcbcc72498c586cd"
          },
          "sensitive_attributes": [],
          "private": "bnVsbA==",
          "dependencies": [
            "module.vpc.aws_route_table.public",
            "module.vpc.aws_subnet.public",
            "module.vpc.aws_vpc.this",
            "module.vpc.aws_vpc_ipv4_cidr_block_association.this"
          ]
        },
        {
          "index_key": 3,
          "schema_version": 0,
          "attributes": {
            "gateway_id": "",
            "id": "rtbassoc-022c121065a18552b",
            "route_table_id": "rtb-002e9e42beca497b8",
            "subnet_id": "subnet-0f49bd3ace6db228e"
          },
          "sensitive_attributes": [],
          "private": "bnVsbA==",
          "dependencies": [
            "module.vpc.aws_route_table.public",
            "module.vpc.aws_subnet.public",
            "module.vpc.aws_vpc.this",
            "module.vpc.aws_vpc_ipv4_cidr_block_association.this"
          ]
        },
        {
          "index_key": 4,
          "schema_version": 0,
          "attributes": {
            "gateway_id": "",
            "id": "rtbassoc-0b13fb85c6872c6ef",
            "route_table_id": "rtb-002e9e42beca497b8",
            "subnet_id": "subnet-09c43b9a37f498e37"
          },
          "sensitive_attributes": [],
          "private": "bnVsbA==",
          "dependencies": [
            "module.vpc.aws_route_table.public",
            "module.vpc.aws_subnet.public",
            "module.vpc.aws_vpc.this",
            "module.vpc.aws_vpc_ipv4_cidr_block_association.this"
          ]
        }
      ]
    },
    {
      "module": "module.vpc",
      "mode": "managed",
      "type": "aws_subnet",
      "name": "private",
      "provider": "provider[\"registry.terraform.io/hashicorp/aws\"]",
      "instances": [
        {
          "index_key": 0,
          "schema_version": 1,
          "attributes": {
            "arn": "arn:aws:ec2:us-east-1:097410909212:subnet/subnet-0c4a314802d482137",
            "assign_ipv6_address_on_creation": false,
            "availability_zone": "us-east-1a",
            "availability_zone_id": "use1-az4",
            "cidr_block": "172.23.0.0/22",
            "customer_owned_ipv4_pool": "",
            "enable_dns64": false,
            "enable_resource_name_dns_a_record_on_launch": false,
            "enable_resource_name_dns_aaaa_record_on_launch": false,
            "id": "subnet-0c4a314802d482137",
            "ipv6_cidr_block": "",
            "ipv6_cidr_block_association_id": "",
            "ipv6_native": false,
            "map_customer_owned_ip_on_launch": false,
            "map_public_ip_on_launch": false,
            "outpost_arn": "",
            "owner_id": "097410909212",
            "private_dns_hostname_type_on_launch": "ip-name",
            "tags": {
              "Name": "caldera-test_private"
            },
            "tags_all": {
              "Name": "caldera-test_private"
            },
            "timeouts": null,
            "vpc_id": "vpc-09e50b62f3bc181ad"
          },
          "sensitive_attributes": [],
          "private": "eyJlMmJmYjczMC1lY2FhLTExZTYtOGY4OC0zNDM2M2JjN2M0YzAiOnsiY3JlYXRlIjo2MDAwMDAwMDAwMDAsImRlbGV0ZSI6MTIwMDAwMDAwMDAwMH0sInNjaGVtYV92ZXJzaW9uIjoiMSJ9",
          "dependencies": [
            "module.vpc.aws_vpc.this",
            "module.vpc.aws_vpc_ipv4_cidr_block_association.this"
          ]
        },
        {
          "index_key": 1,
          "schema_version": 1,
          "attributes": {
            "arn": "arn:aws:ec2:us-east-1:097410909212:subnet/subnet-03f03a39ba92eb140",
            "assign_ipv6_address_on_creation": false,
            "availability_zone": "us-east-1b",
            "availability_zone_id": "use1-az6",
            "cidr_block": "172.23.32.0/22",
            "customer_owned_ipv4_pool": "",
            "enable_dns64": false,
            "enable_resource_name_dns_a_record_on_launch": false,
            "enable_resource_name_dns_aaaa_record_on_launch": false,
            "id": "subnet-03f03a39ba92eb140",
            "ipv6_cidr_block": "",
            "ipv6_cidr_block_association_id": "",
            "ipv6_native": false,
            "map_customer_owned_ip_on_launch": false,
            "map_public_ip_on_launch": false,
            "outpost_arn": "",
            "owner_id": "097410909212",
            "private_dns_hostname_type_on_launch": "ip-name",
            "tags": {
              "Name": "caldera-test_private"
            },
            "tags_all": {
              "Name": "caldera-test_private"
            },
            "timeouts": null,
            "vpc_id": "vpc-09e50b62f3bc181ad"
          },
          "sensitive_attributes": [],
          "private": "eyJlMmJmYjczMC1lY2FhLTExZTYtOGY4OC0zNDM2M2JjN2M0YzAiOnsiY3JlYXRlIjo2MDAwMDAwMDAwMDAsImRlbGV0ZSI6MTIwMDAwMDAwMDAwMH0sInNjaGVtYV92ZXJzaW9uIjoiMSJ9",
          "dependencies": [
            "module.vpc.aws_vpc.this",
            "module.vpc.aws_vpc_ipv4_cidr_block_association.this"
          ]
        },
        {
          "index_key": 2,
          "schema_version": 1,
          "attributes": {
            "arn": "arn:aws:ec2:us-east-1:097410909212:subnet/subnet-070c7c82cf8019b97",
            "assign_ipv6_address_on_creation": false,
            "availability_zone": "us-east-1c",
            "availability_zone_id": "use1-az1",
            "cidr_block": "172.23.64.0/22",
            "customer_owned_ipv4_pool": "",
            "enable_dns64": false,
            "enable_resource_name_dns_a_record_on_launch": false,
            "enable_resource_name_dns_aaaa_record_on_launch": false,
            "id": "subnet-070c7c82cf8019b97",
            "ipv6_cidr_block": "",
            "ipv6_cidr_block_association_id": "",
            "ipv6_native": false,
            "map_customer_owned_ip_on_launch": false,
            "map_public_ip_on_launch": false,
            "outpost_arn": "",
            "owner_id": "097410909212",
            "private_dns_hostname_type_on_launch": "ip-name",
            "tags": {
              "Name": "caldera-test_private"
            },
            "tags_all": {
              "Name": "caldera-test_private"
            },
            "timeouts": null,
            "vpc_id": "vpc-09e50b62f3bc181ad"
          },
          "sensitive_attributes": [],
          "private": "eyJlMmJmYjczMC1lY2FhLTExZTYtOGY4OC0zNDM2M2JjN2M0YzAiOnsiY3JlYXRlIjo2MDAwMDAwMDAwMDAsImRlbGV0ZSI6MTIwMDAwMDAwMDAwMH0sInNjaGVtYV92ZXJzaW9uIjoiMSJ9",
          "dependencies": [
            "module.vpc.aws_vpc.this",
            "module.vpc.aws_vpc_ipv4_cidr_block_association.this"
          ]
        },
        {
          "index_key": 3,
          "schema_version": 1,
          "attributes": {
            "arn": "arn:aws:ec2:us-east-1:097410909212:subnet/subnet-042e63c470e143e2a",
            "assign_ipv6_address_on_creation": false,
            "availability_zone": "us-east-1d",
            "availability_zone_id": "use1-az2",
            "cidr_block": "172.23.96.0/22",
            "customer_owned_ipv4_pool": "",
            "enable_dns64": false,
            "enable_resource_name_dns_a_record_on_launch": false,
            "enable_resource_name_dns_aaaa_record_on_launch": false,
            "id": "subnet-042e63c470e143e2a",
            "ipv6_cidr_block": "",
            "ipv6_cidr_block_association_id": "",
            "ipv6_native": false,
            "map_customer_owned_ip_on_launch": false,
            "map_public_ip_on_launch": false,
            "outpost_arn": "",
            "owner_id": "097410909212",
            "private_dns_hostname_type_on_launch": "ip-name",
            "tags": {
              "Name": "caldera-test_private"
            },
            "tags_all": {
              "Name": "caldera-test_private"
            },
            "timeouts": null,
            "vpc_id": "vpc-09e50b62f3bc181ad"
          },
          "sensitive_attributes": [],
          "private": "eyJlMmJmYjczMC1lY2FhLTExZTYtOGY4OC0zNDM2M2JjN2M0YzAiOnsiY3JlYXRlIjo2MDAwMDAwMDAwMDAsImRlbGV0ZSI6MTIwMDAwMDAwMDAwMH0sInNjaGVtYV92ZXJzaW9uIjoiMSJ9",
          "dependencies": [
            "module.vpc.aws_vpc.this",
            "module.vpc.aws_vpc_ipv4_cidr_block_association.this"
          ]
        },
        {
          "index_key": 4,
          "schema_version": 1,
          "attributes": {
            "arn": "arn:aws:ec2:us-east-1:097410909212:subnet/subnet-0a57bfa9834067207",
            "assign_ipv6_address_on_creation": false,
            "availability_zone": "us-east-1f",
            "availability_zone_id": "use1-az5",
            "cidr_block": "172.23.160.0/22",
            "customer_owned_ipv4_pool": "",
            "enable_dns64": false,
            "enable_resource_name_dns_a_record_on_launch": false,
            "enable_resource_name_dns_aaaa_record_on_launch": false,
            "id": "subnet-0a57bfa9834067207",
            "ipv6_cidr_block": "",
            "ipv6_cidr_block_association_id": "",
            "ipv6_native": false,
            "map_customer_owned_ip_on_launch": false,
            "map_public_ip_on_launch": false,
            "outpost_arn": "",
            "owner_id": "097410909212",
            "private_dns_hostname_type_on_launch": "ip-name",
            "tags": {
              "Name": "caldera-test_private"
            },
            "tags_all": {
              "Name": "caldera-test_private"
            },
            "timeouts": null,
            "vpc_id": "vpc-09e50b62f3bc181ad"
          },
          "sensitive_attributes": [],
          "private": "eyJlMmJmYjczMC1lY2FhLTExZTYtOGY4OC0zNDM2M2JjN2M0YzAiOnsiY3JlYXRlIjo2MDAwMDAwMDAwMDAsImRlbGV0ZSI6MTIwMDAwMDAwMDAwMH0sInNjaGVtYV92ZXJzaW9uIjoiMSJ9",
          "dependencies": [
            "module.vpc.aws_vpc.this",
            "module.vpc.aws_vpc_ipv4_cidr_block_association.this"
          ]
        }
      ]
    },
    {
      "module": "module.vpc",
      "mode": "managed",
      "type": "aws_subnet",
      "name": "public",
      "provider": "provider[\"registry.terraform.io/hashicorp/aws\"]",
      "instances": [
        {
          "index_key": 0,
          "schema_version": 1,
          "attributes": {
            "arn": "arn:aws:ec2:us-east-1:097410909212:subnet/subnet-0d4135342a35869b3",
            "assign_ipv6_address_on_creation": false,
            "availability_zone": "us-east-1a",
            "availability_zone_id": "use1-az4",
            "cidr_block": "172.23.4.0/22",
            "customer_owned_ipv4_pool": "",
            "enable_dns64": false,
            "enable_resource_name_dns_a_record_on_launch": false,
            "enable_resource_name_dns_aaaa_record_on_launch": false,
            "id": "subnet-0d4135342a35869b3",
            "ipv6_cidr_block": "",
            "ipv6_cidr_block_association_id": "",
            "ipv6_native": false,
            "map_customer_owned_ip_on_launch": false,
            "map_public_ip_on_launch": true,
            "outpost_arn": "",
            "owner_id": "097410909212",
            "private_dns_hostname_type_on_launch": "ip-name",
            "tags": {
              "Name": "caldera-test_public"
            },
            "tags_all": {
              "Name": "caldera-test_public"
            },
            "timeouts": null,
            "vpc_id": "vpc-09e50b62f3bc181ad"
          },
          "sensitive_attributes": [],
          "private": "eyJlMmJmYjczMC1lY2FhLTExZTYtOGY4OC0zNDM2M2JjN2M0YzAiOnsiY3JlYXRlIjo2MDAwMDAwMDAwMDAsImRlbGV0ZSI6MTIwMDAwMDAwMDAwMH0sInNjaGVtYV92ZXJzaW9uIjoiMSJ9",
          "dependencies": [
            "module.vpc.aws_vpc.this",
            "module.vpc.aws_vpc_ipv4_cidr_block_association.this"
          ]
        },
        {
          "index_key": 1,
          "schema_version": 1,
          "attributes": {
            "arn": "arn:aws:ec2:us-east-1:097410909212:subnet/subnet-0da8b303e1a2ce7ec",
            "assign_ipv6_address_on_creation": false,
            "availability_zone": "us-east-1b",
            "availability_zone_id": "use1-az6",
            "cidr_block": "172.23.36.0/22",
            "customer_owned_ipv4_pool": "",
            "enable_dns64": false,
            "enable_resource_name_dns_a_record_on_launch": false,
            "enable_resource_name_dns_aaaa_record_on_launch": false,
            "id": "subnet-0da8b303e1a2ce7ec",
            "ipv6_cidr_block": "",
            "ipv6_cidr_block_association_id": "",
            "ipv6_native": false,
            "map_customer_owned_ip_on_launch": false,
            "map_public_ip_on_launch": true,
            "outpost_arn": "",
            "owner_id": "097410909212",
            "private_dns_hostname_type_on_launch": "ip-name",
            "tags": {
              "Name": "caldera-test_public"
            },
            "tags_all": {
              "Name": "caldera-test_public"
            },
            "timeouts": null,
            "vpc_id": "vpc-09e50b62f3bc181ad"
          },
          "sensitive_attributes": [],
          "private": "eyJlMmJmYjczMC1lY2FhLTExZTYtOGY4OC0zNDM2M2JjN2M0YzAiOnsiY3JlYXRlIjo2MDAwMDAwMDAwMDAsImRlbGV0ZSI6MTIwMDAwMDAwMDAwMH0sInNjaGVtYV92ZXJzaW9uIjoiMSJ9",
          "dependencies": [
            "module.vpc.aws_vpc.this",
            "module.vpc.aws_vpc_ipv4_cidr_block_association.this"
          ]
        },
        {
          "index_key": 2,
          "schema_version": 1,
          "attributes": {
            "arn": "arn:aws:ec2:us-east-1:097410909212:subnet/subnet-0fcbcc72498c586cd",
            "assign_ipv6_address_on_creation": false,
            "availability_zone": "us-east-1c",
            "availability_zone_id": "use1-az1",
            "cidr_block": "172.23.68.0/22",
            "customer_owned_ipv4_pool": "",
            "enable_dns64": false,
            "enable_resource_name_dns_a_record_on_launch": false,
            "enable_resource_name_dns_aaaa_record_on_launch": false,
            "id": "subnet-0fcbcc72498c586cd",
            "ipv6_cidr_block": "",
            "ipv6_cidr_block_association_id": "",
            "ipv6_native": false,
            "map_customer_owned_ip_on_launch": false,
            "map_public_ip_on_launch": true,
            "outpost_arn": "",
            "owner_id": "097410909212",
            "private_dns_hostname_type_on_launch": "ip-name",
            "tags": {
              "Name": "caldera-test_public"
            },
            "tags_all": {
              "Name": "caldera-test_public"
            },
            "timeouts": null,
            "vpc_id": "vpc-09e50b62f3bc181ad"
          },
          "sensitive_attributes": [],
          "private": "eyJlMmJmYjczMC1lY2FhLTExZTYtOGY4OC0zNDM2M2JjN2M0YzAiOnsiY3JlYXRlIjo2MDAwMDAwMDAwMDAsImRlbGV0ZSI6MTIwMDAwMDAwMDAwMH0sInNjaGVtYV92ZXJzaW9uIjoiMSJ9",
          "dependencies": [
            "module.vpc.aws_vpc.this",
            "module.vpc.aws_vpc_ipv4_cidr_block_association.this"
          ]
        },
        {
          "index_key": 3,
          "schema_version": 1,
          "attributes": {
            "arn": "arn:aws:ec2:us-east-1:097410909212:subnet/subnet-0f49bd3ace6db228e",
            "assign_ipv6_address_on_creation": false,
            "availability_zone": "us-east-1d",
            "availability_zone_id": "use1-az2",
            "cidr_block": "172.23.100.0/22",
            "customer_owned_ipv4_pool": "",
            "enable_dns64": false,
            "enable_resource_name_dns_a_record_on_launch": false,
            "enable_resource_name_dns_aaaa_record_on_launch": false,
            "id": "subnet-0f49bd3ace6db228e",
            "ipv6_cidr_block": "",
            "ipv6_cidr_block_association_id": "",
            "ipv6_native": false,
            "map_customer_owned_ip_on_launch": false,
            "map_public_ip_on_launch": true,
            "outpost_arn": "",
            "owner_id": "097410909212",
            "private_dns_hostname_type_on_launch": "ip-name",
            "tags": {
              "Name": "caldera-test_public"
            },
            "tags_all": {
              "Name": "caldera-test_public"
            },
            "timeouts": null,
            "vpc_id": "vpc-09e50b62f3bc181ad"
          },
          "sensitive_attributes": [],
          "private": "eyJlMmJmYjczMC1lY2FhLTExZTYtOGY4OC0zNDM2M2JjN2M0YzAiOnsiY3JlYXRlIjo2MDAwMDAwMDAwMDAsImRlbGV0ZSI6MTIwMDAwMDAwMDAwMH0sInNjaGVtYV92ZXJzaW9uIjoiMSJ9",
          "dependencies": [
            "module.vpc.aws_vpc.this",
            "module.vpc.aws_vpc_ipv4_cidr_block_association.this"
          ]
        },
        {
          "index_key": 4,
          "schema_version": 1,
          "attributes": {
            "arn": "arn:aws:ec2:us-east-1:097410909212:subnet/subnet-09c43b9a37f498e37",
            "assign_ipv6_address_on_creation": false,
            "availability_zone": "us-east-1f",
            "availability_zone_id": "use1-az5",
            "cidr_block": "172.23.164.0/22",
            "customer_owned_ipv4_pool": "",
            "enable_dns64": false,
            "enable_resource_name_dns_a_record_on_launch": false,
            "enable_resource_name_dns_aaaa_record_on_launch": false,
            "id": "subnet-09c43b9a37f498e37",
            "ipv6_cidr_block": "",
            "ipv6_cidr_block_association_id": "",
            "ipv6_native": false,
            "map_customer_owned_ip_on_launch": false,
            "map_public_ip_on_launch": true,
            "outpost_arn": "",
            "owner_id": "097410909212",
            "private_dns_hostname_type_on_launch": "ip-name",
            "tags": {
              "Name": "caldera-test_public"
            },
            "tags_all": {
              "Name": "caldera-test_public"
            },
            "timeouts": null,
            "vpc_id": "vpc-09e50b62f3bc181ad"
          },
          "sensitive_attributes": [],
          "private": "eyJlMmJmYjczMC1lY2FhLTExZTYtOGY4OC0zNDM2M2JjN2M0YzAiOnsiY3JlYXRlIjo2MDAwMDAwMDAwMDAsImRlbGV0ZSI6MTIwMDAwMDAwMDAwMH0sInNjaGVtYV92ZXJzaW9uIjoiMSJ9",
          "dependencies": [
            "module.vpc.aws_vpc.this",
            "module.vpc.aws_vpc_ipv4_cidr_block_association.this"
          ]
        }
      ]
    },
    {
      "module": "module.vpc",
      "mode": "managed",
      "type": "aws_vpc",
      "name": "this",
      "provider": "provider[\"registry.terraform.io/hashicorp/aws\"]",
      "instances": [
        {
          "index_key": 0,
          "schema_version": 1,
          "attributes": {
            "arn": "arn:aws:ec2:us-east-1:097410909212:vpc/vpc-09e50b62f3bc181ad",
            "assign_generated_ipv6_cidr_block": false,
            "cidr_block": "172.23.0.0/16",
            "default_network_acl_id": "acl-098b83d932490a2dc",
            "default_route_table_id": "rtb-0a39c7dd375728047",
            "default_security_group_id": "sg-0f74a04168f731e92",
            "dhcp_options_id": "dopt-018962bac07db4b80",
            "enable_classiclink": false,
            "enable_classiclink_dns_support": false,
            "enable_dns_hostnames": true,
            "enable_dns_support": true,
            "id": "vpc-09e50b62f3bc181ad",
            "instance_tenancy": "default",
            "ipv4_ipam_pool_id": null,
            "ipv4_netmask_length": null,
            "ipv6_association_id": "",
            "ipv6_cidr_block": "",
            "ipv6_cidr_block_network_border_group": "",
            "ipv6_ipam_pool_id": "",
            "ipv6_netmask_length": 0,
            "main_route_table_id": "rtb-0a39c7dd375728047",
            "owner_id": "097410909212",
            "tags": {
              "Name": "VPC"
            },
            "tags_all": {
              "Name": "VPC"
            }
          },
          "sensitive_attributes": [],
          "private": "eyJzY2hlbWFfdmVyc2lvbiI6IjEifQ=="
        }
      ]
    }
  ]
}
