{
  "version": 4,
  "terraform_version": "1.2.4",
  "serial": 66,
  "lineage": "1803e718-5606-f969-6eff-9f23cddc3723",
  "outputs": {
    "caldera_server_ip": {
      "value": "44.204.222.163",
      "type": "string"
    },
    "rsa_private_key": {
      "value": "-----BEGIN RSA PRIVATE KEY-----\nMIIJKQIBAAKCAgEAw0sq1ax1OZRAwLSHuLbp6FU+/aeCbo04HBn0mlOQ8toun0Ad\nj1SXEVu8qVfmrhWwZHJcHVgrljb00adt29OeFsqE3ahUmiCwTMRsL3gpGjTR2ow8\nuWh4zFHP0fRbXGWWAlcf0l3YCxGYKSKxt/fmEpOEJfCFxFfHD9mD08xdQc1ifmRg\n8Sa/6kwbaeJ9Ao6kmUgyhUHx9WEEE6MQvwRyRI/VtMLf84NhwGRyUKPnZ0Lm1Aa7\nA85+lywsVoNtJDJOvEucbdBhYsW628GWAHTHQUN3xcmXLsS5coSwtx8xqzO1hZzd\nXxV0xcKdQ1WH+VpFIcvBZbtc7WG1VrMZFfpZA1JD9puzUnC43vgdyPFFTqw7T1Pl\nTVVyYtnql3WVsurE/UvUBBPu9Emuz+pllEtw47FyiCfJz0FF61wMwYNXPZw7zRh8\nEImbY6ybn7dTKz7ZMh/hjY/zQUcVbyVqREAm2WG5JoRvb+XXLzmg4I3X7OVN4Zsz\nRHKxzHM7gdH6XcKzjkOoFyU3e3NKdfFrWzOWzSicBaLTt/2kIScC8PwXzun++vcC\nJR4TTBG4aD6wy707iWIk70sKh8vBSY6m32c5TW+AzTe9PbtGEB5DU1PbLjQJImkh\nTzD4IgrZquM0VQSNkGd4v12CmVtZP54QhlXiHvRFEwrbIclnyviKGfc/VuMCAwEA\nAQKCAgEAlU4KWYGXvYWSW8GpYZa2DWHe3p4KIerlUtalIrdwwbn8mtOxxbquJB82\nhWEmg0EhsimcMvMNn7I0SXTvkHihDFuYaL4gsBT9tDMXYtNC2T44khVU94rfj5Wc\nhK+EiYdAwFlLgtEsMoopAon7xOJJizosdbUFD67sCToKhwpe4cfb3TVwx+0QHFhD\nPRhi6mmTfXys4yQfj7G0JC8uxlrn4XL1t1SlUs7HFQe2PeCRMWj8gG0E3Uwpi/nB\njAK+lkW/3EUSOwJs8c6ppQjDXWXqUAL8tsIAS0krXloDoHzAxFqsFJJwzBjjRa4b\n/TaO1hwlbkkQem5cBUAGG1qheyQCmCkYSLFJxEqxcGCTkeKhfaaT15ZZlgh0ATjC\nSEc+IWJrvnzLjDz5ccrtsy1q2YH926xBGBXTwLCFovadIHy5LAJS4kXPpD1ZKjcV\nvxaD+Ok9xHBcG/M8E6KLYMwxrxKAQqWywXoCDfEx6BifFXKljT760d6w3Dzc3ZS1\noWdVlgf+qOklf2gULEgo2qDiqFB6mZfaS2q90j6l2MLoK/62PuwvvxwySN7UGDuO\n6FgwXpZFPIBRvzeNQEXJtrUMyK0xEsJ5WFTvBJJQUujVYqseyZ8EZvJX3t5TUuk0\nEZyUYtTMhmpTM+lBsAlL6GNX5Zdl5AcPlj976biBT73rqTEoaoECggEBAOulVh6s\nyX6ireybFa8XrjfSSq8KsN7q9WalIcrzRjBqoWk8SQKN2Ns/FJNaBJqDPYaKWFX7\natuBiefV/5n5B7LIBwuU2VkRRTD7IMKFIyNAC77u0V5hOirJTGpXZRM5FFuiBwpU\n7qi9wS1dk911/yyDcIT8RwY/XqN5KQ8zV4E/XkaUs+ofUV0hbmB+D3l6NbXen2xF\nSx/ajBG1xsTqZpqemMGhdoRzQKetNFoans1fRdoRDbcLr/KJ81wOwFzPqInzBzZi\niKsEn4CAjKF3TBJdmSPfJXJkf/NfrtNmdKLb3HYN/OwPnazvhq+P54qiOCTSx98a\nAKOHIx6y5y/HnjsCggEBANQpjUTkQNHEI8qKP+CslUEvrg8+2ujYjkoXoivuHznl\nx2IxqR8ApgQfi3WhNchFa2tiIrRGXimmCJxkvxTuqLY91gdqiVKkfFSh5R83p9IS\nJtaAd7DF8dzS16+9GXEclgcqlWr2NUa/IWT3PbhMBSkyV3NQZjKk5aYhzKgsSQRS\nYRSWRDgXnFnSr/ZPjZn4FGP2z9llXH5YCODQLMFntQ+T1BDo+WVHowV0b5MzbYbA\nVP9mktikgqZGmdofeE0xheU0sUpcQLn8Aeu/sVEPNP8PHjmyZkoc2Br0wjhnPg+e\n19ZPA7Kdu1Quht0Wlffy9RdeMmfJ6VS+5EShKonm13kCggEBALRXeK1JN3v/LHRj\nzBiQWvjFq/qCiBJSZzUDM/WKcTEkqhtL0+RsgoZopGqQ/ezye+e3gRtsqr8LSGtx\nT4ibGdUtWJb4d86+dOGjj9LO6bFUlqitRPaiGk4ceKr575Tinj3ypsi1b2Ect/bs\nIvneEEgU38wm9oRFgzxAwbesZ0+3G4OQ0pBfH3nS2BJo55bkfK6PjhrifTgHniL/\npvuVGKlEr0uhMn7zZYvt9p7uuJIcU+0sF/76ptFL2j+d2oItOqM4p1Br4IRhqWBD\nAV2hW0rC7yyQ3qvJVlL/62BGjQUGlpaS5foTiWyMc9twmpdyxt0Ho4eO8uYzyiD4\ncg4TC3kCggEAAUQKMroF5Pp9mCzA+s8syMnHCRI/7hm0p56Cei6egxLq4JwZPTUc\nyHODunzuvDYl0Osx989fqnHyJTS4qyBNY2D1EPBCx3pxv3OD0W7cknVHRApaLHTR\n35ZmcQb4yuL3xi0r3QqBAN4NDfQnqxzQ/xDs0qRNJ8oyEI6tEOfKu7reF2haGdeS\nODr4j8ijuKJxRLNpRAvFxH8z9ltnmPPMcb5ZCozJSCBoSZULQV6SLbaiCzAKej5p\nBSLwsgt0BUnhWZ+52w632CQ3wrdPEIO9tjPZ41A8Kf8IDwkcy4daKG+zK/UmuX8V\naggpB9KlrGgHrE8Ej/f1a2sEI6Cuh0oYSQKCAQBe/5udH0t50o3/ypQxLSy7fQZq\n3thwRydnJSuvj0GcCmwGQvIPjZzXLQUPbabzIkdWVLNPVEsOp/8JHyYTxHX13bkG\ndyAgjL/06Me28piiKRpL3DA0LPi1VqTbMj7dNKTGjwfq91hdIXnl7jpqoqzJFvKf\n/xEUIBTASDXe0CaHit3SFUqLh0cECfPG4J18ze6Odjklez2out3y3UacEdYmiMHD\nUCJ0tKLD61jMVFORWZ5No7scP4RW6ZXo2pdqNhuc2Rw3AsnD1ZUkb/XOp6SGN3Z3\nAQgDdR2WWpG84BV9geN5SwUAsjQmC+Cmq6eONlvxJBx4WwFMcj4YBhd0UPFV\n-----END RSA PRIVATE KEY-----\n",
      "type": "string"
    }
  },
  "resources": [
    {
      "mode": "managed",
      "type": "aws_instance",
      "name": "caldera_server",
      "provider": "provider[\"registry.terraform.io/hashicorp/aws\"]",
      "instances": [
        {
          "schema_version": 1,
          "attributes": {
            "ami": "ami-09d56f8956ab235b3",
            "arn": "arn:aws:ec2:us-east-1:608335271036:instance/i-02d1aad6dc7d7d3ec",
            "associate_public_ip_address": true,
            "availability_zone": "us-east-1a",
            "capacity_reservation_specification": [
              {
                "capacity_reservation_preference": "open",
                "capacity_reservation_target": []
              }
            ],
            "cpu_core_count": 1,
            "cpu_threads_per_core": 2,
            "credit_specification": [
              {
                "cpu_credits": "unlimited"
              }
            ],
            "disable_api_stop": false,
            "disable_api_termination": false,
            "ebs_block_device": [],
            "ebs_optimized": false,
            "enclave_options": [
              {
                "enabled": false
              }
            ],
            "ephemeral_block_device": [],
            "get_password_data": false,
            "hibernation": false,
            "host_id": null,
            "iam_instance_profile": "",
            "id": "i-02d1aad6dc7d7d3ec",
            "instance_initiated_shutdown_behavior": "stop",
            "instance_state": "running",
            "instance_type": "t3.medium",
            "ipv6_address_count": 0,
            "ipv6_addresses": [],
            "key_name": "caldera-nodes",
            "launch_template": [],
            "maintenance_options": [
              {
                "auto_recovery": "default"
              }
            ],
            "metadata_options": [
              {
                "http_endpoint": "enabled",
                "http_put_response_hop_limit": 1,
                "http_tokens": "optional",
                "instance_metadata_tags": "disabled"
              }
            ],
            "monitoring": false,
            "network_interface": [],
            "outpost_arn": "",
            "password_data": "",
            "placement_group": "",
            "placement_partition_number": null,
            "primary_network_interface_id": "eni-080713e36ea441e9e",
            "private_dns": "ip-172-23-6-95.ec2.internal",
            "private_dns_name_options": [
              {
                "enable_resource_name_dns_a_record": false,
                "enable_resource_name_dns_aaaa_record": false,
                "hostname_type": "ip-name"
              }
            ],
            "private_ip": "172.23.6.95",
            "public_dns": "ec2-44-204-222-163.compute-1.amazonaws.com",
            "public_ip": "44.204.222.163",
            "root_block_device": [
              {
                "delete_on_termination": true,
                "device_name": "/dev/sda1",
                "encrypted": false,
                "iops": 100,
                "kms_key_id": "",
                "tags": {},
                "throughput": 0,
                "volume_id": "vol-0a0b4775d89ca2413",
                "volume_size": 8,
                "volume_type": "gp2"
              }
            ],
            "secondary_private_ips": [],
            "security_groups": [],
            "source_dest_check": true,
            "subnet_id": "subnet-08c4f1b7e054290fc",
            "tags": {
              "Name": "caldera_server",
              "environment": "caldera-test"
            },
            "tags_all": {
              "Name": "caldera_server",
              "environment": "caldera-test"
            },
            "tenancy": "default",
            "timeouts": null,
            "user_data": null,
            "user_data_base64": null,
            "user_data_replace_on_change": false,
            "volume_tags": null,
            "vpc_security_group_ids": [
              "sg-0391691310e2c3d5c"
            ]
          },
          "sensitive_attributes": [],
          "private": "eyJlMmJmYjczMC1lY2FhLTExZTYtOGY4OC0zNDM2M2JjN2M0YzAiOnsiY3JlYXRlIjo2MDAwMDAwMDAwMDAsImRlbGV0ZSI6MTIwMDAwMDAwMDAwMCwidXBkYXRlIjo2MDAwMDAwMDAwMDB9LCJzY2hlbWFfdmVyc2lvbiI6IjEifQ==",
          "dependencies": [
            "aws_security_group.sg_caldera_server",
            "module.aws_rsa_key.aws_key_pair.worker",
            "module.aws_rsa_key.local_file.ssh_local",
            "module.aws_rsa_key.tls_private_key.ssh_key",
            "module.vpc.aws_cloudwatch_log_group.flow_log",
            "module.vpc.aws_customer_gateway.this",
            "module.vpc.aws_db_subnet_group.database",
            "module.vpc.aws_default_network_acl.this",
            "module.vpc.aws_default_route_table.default",
            "module.vpc.aws_default_security_group.this",
            "module.vpc.aws_default_vpc.this",
            "module.vpc.aws_egress_only_internet_gateway.this",
            "module.vpc.aws_eip.nat",
            "module.vpc.aws_elasticache_subnet_group.elasticache",
            "module.vpc.aws_flow_log.this",
            "module.vpc.aws_iam_policy.vpc_flow_log_cloudwatch",
            "module.vpc.aws_iam_role.vpc_flow_log_cloudwatch",
            "module.vpc.aws_iam_role_policy_attachment.vpc_flow_log_cloudwatch",
            "module.vpc.aws_internet_gateway.this",
            "module.vpc.aws_nat_gateway.this",
            "module.vpc.aws_network_acl.database",
            "module.vpc.aws_network_acl.elasticache",
            "module.vpc.aws_network_acl.intra",
            "module.vpc.aws_network_acl.outpost",
            "module.vpc.aws_network_acl.private",
            "module.vpc.aws_network_acl.public",
            "module.vpc.aws_network_acl.redshift",
            "module.vpc.aws_network_acl_rule.database_inbound",
            "module.vpc.aws_network_acl_rule.database_outbound",
            "module.vpc.aws_network_acl_rule.elasticache_inbound",
            "module.vpc.aws_network_acl_rule.elasticache_outbound",
            "module.vpc.aws_network_acl_rule.intra_inbound",
            "module.vpc.aws_network_acl_rule.intra_outbound",
            "module.vpc.aws_network_acl_rule.outpost_inbound",
            "module.vpc.aws_network_acl_rule.outpost_outbound",
            "module.vpc.aws_network_acl_rule.private_inbound",
            "module.vpc.aws_network_acl_rule.private_outbound",
            "module.vpc.aws_network_acl_rule.public_inbound",
            "module.vpc.aws_network_acl_rule.public_outbound",
            "module.vpc.aws_network_acl_rule.redshift_inbound",
            "module.vpc.aws_network_acl_rule.redshift_outbound",
            "module.vpc.aws_redshift_subnet_group.redshift",
            "module.vpc.aws_route.database_internet_gateway",
            "module.vpc.aws_route.database_ipv6_egress",
            "module.vpc.aws_route.database_nat_gateway",
            "module.vpc.aws_route.private_ipv6_egress",
            "module.vpc.aws_route.private_nat_gateway",
            "module.vpc.aws_route.public_internet_gateway",
            "module.vpc.aws_route.public_internet_gateway_ipv6",
            "module.vpc.aws_route_table.database",
            "module.vpc.aws_route_table.elasticache",
            "module.vpc.aws_route_table.intra",
            "module.vpc.aws_route_table.private",
            "module.vpc.aws_route_table.public",
            "module.vpc.aws_route_table.redshift",
            "module.vpc.aws_route_table_association.database",
            "module.vpc.aws_route_table_association.elasticache",
            "module.vpc.aws_route_table_association.intra",
            "module.vpc.aws_route_table_association.outpost",
            "module.vpc.aws_route_table_association.private",
            "module.vpc.aws_route_table_association.public",
            "module.vpc.aws_route_table_association.redshift",
            "module.vpc.aws_route_table_association.redshift_public",
            "module.vpc.aws_subnet.database",
            "module.vpc.aws_subnet.elasticache",
            "module.vpc.aws_subnet.intra",
            "module.vpc.aws_subnet.outpost",
            "module.vpc.aws_subnet.private",
            "module.vpc.aws_subnet.public",
            "module.vpc.aws_subnet.redshift",
            "module.vpc.aws_vpc.this",
            "module.vpc.aws_vpc_dhcp_options.this",
            "module.vpc.aws_vpc_dhcp_options_association.this",
            "module.vpc.aws_vpc_ipv4_cidr_block_association.this",
            "module.vpc.aws_vpn_gateway.this",
            "module.vpc.aws_vpn_gateway_attachment.this",
            "module.vpc.aws_vpn_gateway_route_propagation.intra",
            "module.vpc.aws_vpn_gateway_route_propagation.private",
            "module.vpc.aws_vpn_gateway_route_propagation.public",
            "module.vpc.data.aws_iam_policy_document.flow_log_cloudwatch_assume_role",
            "module.vpc.data.aws_iam_policy_document.vpc_flow_log_cloudwatch"
          ]
        }
      ]
    },
    {
      "mode": "managed",
      "type": "aws_security_group",
      "name": "sg_caldera_server",
      "provider": "provider[\"registry.terraform.io/hashicorp/aws\"]",
      "instances": [
        {
          "schema_version": 1,
          "attributes": {
            "arn": "arn:aws:ec2:us-east-1:608335271036:security-group/sg-0391691310e2c3d5c",
            "description": "Allow ports for caldera server",
            "egress": [
              {
                "cidr_blocks": [
                  "0.0.0.0/0"
                ],
                "description": "",
                "from_port": 0,
                "ipv6_cidr_blocks": [],
                "prefix_list_ids": [],
                "protocol": "-1",
                "security_groups": [],
                "self": false,
                "to_port": 0
              }
            ],
            "id": "sg-0391691310e2c3d5c",
            "ingress": [
              {
                "cidr_blocks": [
                  "0.0.0.0/0"
                ],
                "description": "Caldera server port",
                "from_port": 2288,
                "ipv6_cidr_blocks": [],
                "prefix_list_ids": [],
                "protocol": "tcp",
                "security_groups": [],
                "self": false,
                "to_port": 2288
              },
              {
                "cidr_blocks": [
                  "0.0.0.0/0"
                ],
                "description": "SSH from VPC",
                "from_port": 22,
                "ipv6_cidr_blocks": [],
                "prefix_list_ids": [],
                "protocol": "tcp",
                "security_groups": [],
                "self": false,
                "to_port": 22
              }
            ],
            "name": "sg_caldera_linux",
            "name_prefix": "",
            "owner_id": "608335271036",
            "revoke_rules_on_delete": false,
            "tags": {
              "environment": "caldera-test"
            },
            "tags_all": {
              "environment": "caldera-test"
            },
            "timeouts": null,
            "vpc_id": "vpc-0302454dd3ee843cf"
          },
          "sensitive_attributes": [],
          "private": "eyJlMmJmYjczMC1lY2FhLTExZTYtOGY4OC0zNDM2M2JjN2M0YzAiOnsiY3JlYXRlIjo2MDAwMDAwMDAwMDAsImRlbGV0ZSI6OTAwMDAwMDAwMDAwfSwic2NoZW1hX3ZlcnNpb24iOiIxIn0=",
          "dependencies": [
            "module.vpc.aws_vpc.this"
          ]
        }
      ]
    },
    {
      "module": "module.aws_rsa_key",
      "mode": "managed",
      "type": "aws_key_pair",
      "name": "worker",
      "provider": "provider[\"registry.terraform.io/hashicorp/aws\"]",
      "instances": [
        {
          "schema_version": 1,
          "attributes": {
            "arn": "arn:aws:ec2:us-east-1:608335271036:key-pair/caldera-nodes",
            "fingerprint": "1e:0d:66:27:7e:b8:05:58:dc:4e:77:1c:a0:46:82:6f",
            "id": "caldera-nodes",
            "key_name": "caldera-nodes",
            "key_name_prefix": "",
            "key_pair_id": "key-0bcb414227e04cc01",
            "key_type": "rsa",
            "public_key": "ssh-rsa AAAAB3NzaC1yc2EAAAADAQABAAACAQDDSyrVrHU5lEDAtIe4tunoVT79p4JujTgcGfSaU5Dy2i6fQB2PVJcRW7ypV+auFbBkclwdWCuWNvTRp23b054WyoTdqFSaILBMxGwveCkaNNHajDy5aHjMUc/R9FtcZZYCVx/SXdgLEZgpIrG39+YSk4Ql8IXEV8cP2YPTzF1BzWJ+ZGDxJr/qTBtp4n0CjqSZSDKFQfH1YQQToxC/BHJEj9W0wt/zg2HAZHJQo+dnQubUBrsDzn6XLCxWg20kMk68S5xt0GFixbrbwZYAdMdBQ3fFyZcuxLlyhLC3HzGrM7WFnN1fFXTFwp1DVYf5WkUhy8Flu1ztYbVWsxkV+lkDUkP2m7NScLje+B3I8UVOrDtPU+VNVXJi2eqXdZWy6sT9S9QEE+70Sa7P6mWUS3DjsXKIJ8nPQUXrXAzBg1c9nDvNGHwQiZtjrJuft1MrPtkyH+GNj/NBRxVvJWpEQCbZYbkmhG9v5dcvOaDgjdfs5U3hmzNEcrHMczuB0fpdwrOOQ6gXJTd7c0p18WtbM5bNKJwFotO3/aQhJwLw/BfO6f769wIlHhNMEbhoPrDLvTuJYiTvSwqHy8FJjqbfZzlNb4DNN709u0YQHkNTU9suNAkiaSFPMPgiCtmq4zRVBI2QZ3i/XYKZW1k/nhCGVeIe9EUTCtshyWfK+IoZ9z9W4w==",
            "tags": null,
            "tags_all": {}
          },
          "sensitive_attributes": [],
          "private": "eyJzY2hlbWFfdmVyc2lvbiI6IjEifQ==",
          "dependencies": [
            "module.aws_rsa_key.tls_private_key.ssh_key",
            "module.vpc.aws_cloudwatch_log_group.flow_log",
            "module.vpc.aws_customer_gateway.this",
            "module.vpc.aws_db_subnet_group.database",
            "module.vpc.aws_default_network_acl.this",
            "module.vpc.aws_default_route_table.default",
            "module.vpc.aws_default_security_group.this",
            "module.vpc.aws_default_vpc.this",
            "module.vpc.aws_egress_only_internet_gateway.this",
            "module.vpc.aws_eip.nat",
            "module.vpc.aws_elasticache_subnet_group.elasticache",
            "module.vpc.aws_flow_log.this",
            "module.vpc.aws_iam_policy.vpc_flow_log_cloudwatch",
            "module.vpc.aws_iam_role.vpc_flow_log_cloudwatch",
            "module.vpc.aws_iam_role_policy_attachment.vpc_flow_log_cloudwatch",
            "module.vpc.aws_internet_gateway.this",
            "module.vpc.aws_nat_gateway.this",
            "module.vpc.aws_network_acl.database",
            "module.vpc.aws_network_acl.elasticache",
            "module.vpc.aws_network_acl.intra",
            "module.vpc.aws_network_acl.outpost",
            "module.vpc.aws_network_acl.private",
            "module.vpc.aws_network_acl.public",
            "module.vpc.aws_network_acl.redshift",
            "module.vpc.aws_network_acl_rule.database_inbound",
            "module.vpc.aws_network_acl_rule.database_outbound",
            "module.vpc.aws_network_acl_rule.elasticache_inbound",
            "module.vpc.aws_network_acl_rule.elasticache_outbound",
            "module.vpc.aws_network_acl_rule.intra_inbound",
            "module.vpc.aws_network_acl_rule.intra_outbound",
            "module.vpc.aws_network_acl_rule.outpost_inbound",
            "module.vpc.aws_network_acl_rule.outpost_outbound",
            "module.vpc.aws_network_acl_rule.private_inbound",
            "module.vpc.aws_network_acl_rule.private_outbound",
            "module.vpc.aws_network_acl_rule.public_inbound",
            "module.vpc.aws_network_acl_rule.public_outbound",
            "module.vpc.aws_network_acl_rule.redshift_inbound",
            "module.vpc.aws_network_acl_rule.redshift_outbound",
            "module.vpc.aws_redshift_subnet_group.redshift",
            "module.vpc.aws_route.database_internet_gateway",
            "module.vpc.aws_route.database_ipv6_egress",
            "module.vpc.aws_route.database_nat_gateway",
            "module.vpc.aws_route.private_ipv6_egress",
            "module.vpc.aws_route.private_nat_gateway",
            "module.vpc.aws_route.public_internet_gateway",
            "module.vpc.aws_route.public_internet_gateway_ipv6",
            "module.vpc.aws_route_table.database",
            "module.vpc.aws_route_table.elasticache",
            "module.vpc.aws_route_table.intra",
            "module.vpc.aws_route_table.private",
            "module.vpc.aws_route_table.public",
            "module.vpc.aws_route_table.redshift",
            "module.vpc.aws_route_table_association.database",
            "module.vpc.aws_route_table_association.elasticache",
            "module.vpc.aws_route_table_association.intra",
            "module.vpc.aws_route_table_association.outpost",
            "module.vpc.aws_route_table_association.private",
            "module.vpc.aws_route_table_association.public",
            "module.vpc.aws_route_table_association.redshift",
            "module.vpc.aws_route_table_association.redshift_public",
            "module.vpc.aws_subnet.database",
            "module.vpc.aws_subnet.elasticache",
            "module.vpc.aws_subnet.intra",
            "module.vpc.aws_subnet.outpost",
            "module.vpc.aws_subnet.private",
            "module.vpc.aws_subnet.public",
            "module.vpc.aws_subnet.redshift",
            "module.vpc.aws_vpc.this",
            "module.vpc.aws_vpc_dhcp_options.this",
            "module.vpc.aws_vpc_dhcp_options_association.this",
            "module.vpc.aws_vpc_ipv4_cidr_block_association.this",
            "module.vpc.aws_vpn_gateway.this",
            "module.vpc.aws_vpn_gateway_attachment.this",
            "module.vpc.aws_vpn_gateway_route_propagation.intra",
            "module.vpc.aws_vpn_gateway_route_propagation.private",
            "module.vpc.aws_vpn_gateway_route_propagation.public",
            "module.vpc.data.aws_iam_policy_document.flow_log_cloudwatch_assume_role",
            "module.vpc.data.aws_iam_policy_document.vpc_flow_log_cloudwatch"
          ]
        }
      ]
    },
    {
      "module": "module.aws_rsa_key",
      "mode": "managed",
      "type": "tls_private_key",
      "name": "ssh_key",
      "provider": "provider[\"registry.terraform.io/hashicorp/tls\"]",
      "instances": [
        {
          "schema_version": 0,
          "attributes": {
            "algorithm": "RSA",
            "ecdsa_curve": "P224",
            "id": "0b4fc6d3f2c2120305f07f3b02394e6fdd63d12e",
            "private_key_openssh": "-----BEGIN OPENSSH PRIVATE KEY-----\nb3BlbnNzaC1rZXktdjEAAAAABG5vbmUAAAAEbm9uZQAAAAAAAAABAAACFwAAAAdz\nc2gtcnNhAAAAAwEAAQAAAgEAw0sq1ax1OZRAwLSHuLbp6FU+/aeCbo04HBn0mlOQ\n8toun0Adj1SXEVu8qVfmrhWwZHJcHVgrljb00adt29OeFsqE3ahUmiCwTMRsL3gp\nGjTR2ow8uWh4zFHP0fRbXGWWAlcf0l3YCxGYKSKxt/fmEpOEJfCFxFfHD9mD08xd\nQc1ifmRg8Sa/6kwbaeJ9Ao6kmUgyhUHx9WEEE6MQvwRyRI/VtMLf84NhwGRyUKPn\nZ0Lm1Aa7A85+lywsVoNtJDJOvEucbdBhYsW628GWAHTHQUN3xcmXLsS5coSwtx8x\nqzO1hZzdXxV0xcKdQ1WH+VpFIcvBZbtc7WG1VrMZFfpZA1JD9puzUnC43vgdyPFF\nTqw7T1PlTVVyYtnql3WVsurE/UvUBBPu9Emuz+pllEtw47FyiCfJz0FF61wMwYNX\nPZw7zRh8EImbY6ybn7dTKz7ZMh/hjY/zQUcVbyVqREAm2WG5JoRvb+XXLzmg4I3X\n7OVN4ZszRHKxzHM7gdH6XcKzjkOoFyU3e3NKdfFrWzOWzSicBaLTt/2kIScC8PwX\nzun++vcCJR4TTBG4aD6wy707iWIk70sKh8vBSY6m32c5TW+AzTe9PbtGEB5DU1Pb\nLjQJImkhTzD4IgrZquM0VQSNkGd4v12CmVtZP54QhlXiHvRFEwrbIclnyviKGfc/\nVuMAAAc4PWamYT1mpmEAAAAHc3NoLXJzYQAAAgEAw0sq1ax1OZRAwLSHuLbp6FU+\n/aeCbo04HBn0mlOQ8toun0Adj1SXEVu8qVfmrhWwZHJcHVgrljb00adt29OeFsqE\n3ahUmiCwTMRsL3gpGjTR2ow8uWh4zFHP0fRbXGWWAlcf0l3YCxGYKSKxt/fmEpOE\nJfCFxFfHD9mD08xdQc1ifmRg8Sa/6kwbaeJ9Ao6kmUgyhUHx9WEEE6MQvwRyRI/V\ntMLf84NhwGRyUKPnZ0Lm1Aa7A85+lywsVoNtJDJOvEucbdBhYsW628GWAHTHQUN3\nxcmXLsS5coSwtx8xqzO1hZzdXxV0xcKdQ1WH+VpFIcvBZbtc7WG1VrMZFfpZA1JD\n9puzUnC43vgdyPFFTqw7T1PlTVVyYtnql3WVsurE/UvUBBPu9Emuz+pllEtw47Fy\niCfJz0FF61wMwYNXPZw7zRh8EImbY6ybn7dTKz7ZMh/hjY/zQUcVbyVqREAm2WG5\nJoRvb+XXLzmg4I3X7OVN4ZszRHKxzHM7gdH6XcKzjkOoFyU3e3NKdfFrWzOWzSic\nBaLTt/2kIScC8PwXzun++vcCJR4TTBG4aD6wy707iWIk70sKh8vBSY6m32c5TW+A\nzTe9PbtGEB5DU1PbLjQJImkhTzD4IgrZquM0VQSNkGd4v12CmVtZP54QhlXiHvRF\nEwrbIclnyviKGfc/VuMAAAADAQABAAACAQCVTgpZgZe9hZJbwalhlrYNYd7engoh\n6uVS1qUit3DBufya07HFuq4kHzaFYSaDQSGyKZwy8w2fsjRJdO+QeKEMW5hoviCw\nFP20Mxdi00LZPjiSFVT3it+PlZyEr4SJh0DAWUuC0SwyiikCifvE4kmLOix1tQUP\nruwJOgqHCl7hx9vdNXDH7RAcWEM9GGLqaZN9fKzjJB+PsbQkLy7GWufhcvW3VKVS\nzscVB7Y94JExaPyAbQTdTCmL+cGMAr6WRb/cRRI7AmzxzqmlCMNdZepQAvy2wgBL\nSSteWgOgfMDEWqwUknDMGONFrhv9No7WHCVuSRB6blwFQAYbWqF7JAKYKRhIsUnE\nSrFwYJOR4qF9ppPXllmWCHQBOMJIRz4hYmu+fMuMPPlxyu2zLWrZgf3brEEYFdPA\nsIWi9p0gfLksAlLiRc+kPVkqNxW/FoP46T3EcFwb8zwTootgzDGvEoBCpbLBegIN\n8THoGJ8VcqWNPvrR3rDcPNzdlLWhZ1WWB/6o6SV/aBQsSCjaoOKoUHqZl9pLar3S\nPqXYwugr/rY+7C+/HDJI3tQYO47oWDBelkU8gFG/N41ARcm2tQzIrTESwnlYVO8E\nklBS6NViqx7JnwRm8lfe3lNS6TQRnJRi1MyGalMz6UGwCUvoY1fll2XkBw+WP3vp\nuIFPveupMShqgQAAAQBe/5udH0t50o3/ypQxLSy7fQZq3thwRydnJSuvj0GcCmwG\nQvIPjZzXLQUPbabzIkdWVLNPVEsOp/8JHyYTxHX13bkGdyAgjL/06Me28piiKRpL\n3DA0LPi1VqTbMj7dNKTGjwfq91hdIXnl7jpqoqzJFvKf/xEUIBTASDXe0CaHit3S\nFUqLh0cECfPG4J18ze6Odjklez2out3y3UacEdYmiMHDUCJ0tKLD61jMVFORWZ5N\no7scP4RW6ZXo2pdqNhuc2Rw3AsnD1ZUkb/XOp6SGN3Z3AQgDdR2WWpG84BV9geN5\nSwUAsjQmC+Cmq6eONlvxJBx4WwFMcj4YBhd0UPFVAAABAQDrpVYerMl+oq3smxWv\nF6430kqvCrDe6vVmpSHK80YwaqFpPEkCjdjbPxSTWgSagz2GilhV+2rbgYnn1f+Z\n+QeyyAcLlNlZEUUw+yDChSMjQAu+7tFeYToqyUxqV2UTORRbogcKVO6ovcEtXZPd\ndf8sg3CE/EcGP16jeSkPM1eBP15GlLPqH1FdIW5gfg95ejW13p9sRUsf2owRtcbE\n6maanpjBoXaEc0CnrTRaGp7NX0XaEQ23C6/yifNcDsBcz6iJ8wc2YoirBJ+AgIyh\nd0wSXZkj3yVyZH/zX67TZnSi29x2DfzsD52s74avj+eKojgk0sffGgCjhyMesucv\nx547AAABAQDUKY1E5EDRxCPKij/grJVBL64PPtro2I5KF6Ir7h855cdiMakfAKYE\nH4t1oTXIRWtrYiK0Rl4ppgicZL8U7qi2PdYHaolSpHxUoeUfN6fSEibWgHewxfHc\n0tevvRlxHJYHKpVq9jVGvyFk9z24TAUpMldzUGYypOWmIcyoLEkEUmEUlkQ4F5xZ\n0q/2T42Z+BRj9s/ZZVx+WAjg0CzBZ7UPk9QQ6PllR6MFdG+TM22GwFT/ZpLYpIKm\nRpnaH3hNMYXlNLFKXEC5/AHrv7FRDzT/Dx45smZKHNga9MI4Zz4PntfWTwOynbtU\nLobdFpX38vUXXjJnyelUvuREoSqJ5td5AAAAAAEC\n-----END OPENSSH PRIVATE KEY-----\n",
            "private_key_pem": "-----BEGIN RSA PRIVATE KEY-----\nMIIJKQIBAAKCAgEAw0sq1ax1OZRAwLSHuLbp6FU+/aeCbo04HBn0mlOQ8toun0Ad\nj1SXEVu8qVfmrhWwZHJcHVgrljb00adt29OeFsqE3ahUmiCwTMRsL3gpGjTR2ow8\nuWh4zFHP0fRbXGWWAlcf0l3YCxGYKSKxt/fmEpOEJfCFxFfHD9mD08xdQc1ifmRg\n8Sa/6kwbaeJ9Ao6kmUgyhUHx9WEEE6MQvwRyRI/VtMLf84NhwGRyUKPnZ0Lm1Aa7\nA85+lywsVoNtJDJOvEucbdBhYsW628GWAHTHQUN3xcmXLsS5coSwtx8xqzO1hZzd\nXxV0xcKdQ1WH+VpFIcvBZbtc7WG1VrMZFfpZA1JD9puzUnC43vgdyPFFTqw7T1Pl\nTVVyYtnql3WVsurE/UvUBBPu9Emuz+pllEtw47FyiCfJz0FF61wMwYNXPZw7zRh8\nEImbY6ybn7dTKz7ZMh/hjY/zQUcVbyVqREAm2WG5JoRvb+XXLzmg4I3X7OVN4Zsz\nRHKxzHM7gdH6XcKzjkOoFyU3e3NKdfFrWzOWzSicBaLTt/2kIScC8PwXzun++vcC\nJR4TTBG4aD6wy707iWIk70sKh8vBSY6m32c5TW+AzTe9PbtGEB5DU1PbLjQJImkh\nTzD4IgrZquM0VQSNkGd4v12CmVtZP54QhlXiHvRFEwrbIclnyviKGfc/VuMCAwEA\nAQKCAgEAlU4KWYGXvYWSW8GpYZa2DWHe3p4KIerlUtalIrdwwbn8mtOxxbquJB82\nhWEmg0EhsimcMvMNn7I0SXTvkHihDFuYaL4gsBT9tDMXYtNC2T44khVU94rfj5Wc\nhK+EiYdAwFlLgtEsMoopAon7xOJJizosdbUFD67sCToKhwpe4cfb3TVwx+0QHFhD\nPRhi6mmTfXys4yQfj7G0JC8uxlrn4XL1t1SlUs7HFQe2PeCRMWj8gG0E3Uwpi/nB\njAK+lkW/3EUSOwJs8c6ppQjDXWXqUAL8tsIAS0krXloDoHzAxFqsFJJwzBjjRa4b\n/TaO1hwlbkkQem5cBUAGG1qheyQCmCkYSLFJxEqxcGCTkeKhfaaT15ZZlgh0ATjC\nSEc+IWJrvnzLjDz5ccrtsy1q2YH926xBGBXTwLCFovadIHy5LAJS4kXPpD1ZKjcV\nvxaD+Ok9xHBcG/M8E6KLYMwxrxKAQqWywXoCDfEx6BifFXKljT760d6w3Dzc3ZS1\noWdVlgf+qOklf2gULEgo2qDiqFB6mZfaS2q90j6l2MLoK/62PuwvvxwySN7UGDuO\n6FgwXpZFPIBRvzeNQEXJtrUMyK0xEsJ5WFTvBJJQUujVYqseyZ8EZvJX3t5TUuk0\nEZyUYtTMhmpTM+lBsAlL6GNX5Zdl5AcPlj976biBT73rqTEoaoECggEBAOulVh6s\nyX6ireybFa8XrjfSSq8KsN7q9WalIcrzRjBqoWk8SQKN2Ns/FJNaBJqDPYaKWFX7\natuBiefV/5n5B7LIBwuU2VkRRTD7IMKFIyNAC77u0V5hOirJTGpXZRM5FFuiBwpU\n7qi9wS1dk911/yyDcIT8RwY/XqN5KQ8zV4E/XkaUs+ofUV0hbmB+D3l6NbXen2xF\nSx/ajBG1xsTqZpqemMGhdoRzQKetNFoans1fRdoRDbcLr/KJ81wOwFzPqInzBzZi\niKsEn4CAjKF3TBJdmSPfJXJkf/NfrtNmdKLb3HYN/OwPnazvhq+P54qiOCTSx98a\nAKOHIx6y5y/HnjsCggEBANQpjUTkQNHEI8qKP+CslUEvrg8+2ujYjkoXoivuHznl\nx2IxqR8ApgQfi3WhNchFa2tiIrRGXimmCJxkvxTuqLY91gdqiVKkfFSh5R83p9IS\nJtaAd7DF8dzS16+9GXEclgcqlWr2NUa/IWT3PbhMBSkyV3NQZjKk5aYhzKgsSQRS\nYRSWRDgXnFnSr/ZPjZn4FGP2z9llXH5YCODQLMFntQ+T1BDo+WVHowV0b5MzbYbA\nVP9mktikgqZGmdofeE0xheU0sUpcQLn8Aeu/sVEPNP8PHjmyZkoc2Br0wjhnPg+e\n19ZPA7Kdu1Quht0Wlffy9RdeMmfJ6VS+5EShKonm13kCggEBALRXeK1JN3v/LHRj\nzBiQWvjFq/qCiBJSZzUDM/WKcTEkqhtL0+RsgoZopGqQ/ezye+e3gRtsqr8LSGtx\nT4ibGdUtWJb4d86+dOGjj9LO6bFUlqitRPaiGk4ceKr575Tinj3ypsi1b2Ect/bs\nIvneEEgU38wm9oRFgzxAwbesZ0+3G4OQ0pBfH3nS2BJo55bkfK6PjhrifTgHniL/\npvuVGKlEr0uhMn7zZYvt9p7uuJIcU+0sF/76ptFL2j+d2oItOqM4p1Br4IRhqWBD\nAV2hW0rC7yyQ3qvJVlL/62BGjQUGlpaS5foTiWyMc9twmpdyxt0Ho4eO8uYzyiD4\ncg4TC3kCggEAAUQKMroF5Pp9mCzA+s8syMnHCRI/7hm0p56Cei6egxLq4JwZPTUc\nyHODunzuvDYl0Osx989fqnHyJTS4qyBNY2D1EPBCx3pxv3OD0W7cknVHRApaLHTR\n35ZmcQb4yuL3xi0r3QqBAN4NDfQnqxzQ/xDs0qRNJ8oyEI6tEOfKu7reF2haGdeS\nODr4j8ijuKJxRLNpRAvFxH8z9ltnmPPMcb5ZCozJSCBoSZULQV6SLbaiCzAKej5p\nBSLwsgt0BUnhWZ+52w632CQ3wrdPEIO9tjPZ41A8Kf8IDwkcy4daKG+zK/UmuX8V\naggpB9KlrGgHrE8Ej/f1a2sEI6Cuh0oYSQKCAQBe/5udH0t50o3/ypQxLSy7fQZq\n3thwRydnJSuvj0GcCmwGQvIPjZzXLQUPbabzIkdWVLNPVEsOp/8JHyYTxHX13bkG\ndyAgjL/06Me28piiKRpL3DA0LPi1VqTbMj7dNKTGjwfq91hdIXnl7jpqoqzJFvKf\n/xEUIBTASDXe0CaHit3SFUqLh0cECfPG4J18ze6Odjklez2out3y3UacEdYmiMHD\nUCJ0tKLD61jMVFORWZ5No7scP4RW6ZXo2pdqNhuc2Rw3AsnD1ZUkb/XOp6SGN3Z3\nAQgDdR2WWpG84BV9geN5SwUAsjQmC+Cmq6eONlvxJBx4WwFMcj4YBhd0UPFV\n-----END RSA PRIVATE KEY-----\n",
            "public_key_fingerprint_md5": "52:e0:fd:5d:d2:0a:0c:49:e4:5a:16:7c:f7:05:4a:1d",
            "public_key_fingerprint_sha256": "SHA256:1MAvUY33wsbgxBDSYmp587VjeJkU3+UvFqE59H+PgbU",
            "public_key_openssh": "ssh-rsa AAAAB3NzaC1yc2EAAAADAQABAAACAQDDSyrVrHU5lEDAtIe4tunoVT79p4JujTgcGfSaU5Dy2i6fQB2PVJcRW7ypV+auFbBkclwdWCuWNvTRp23b054WyoTdqFSaILBMxGwveCkaNNHajDy5aHjMUc/R9FtcZZYCVx/SXdgLEZgpIrG39+YSk4Ql8IXEV8cP2YPTzF1BzWJ+ZGDxJr/qTBtp4n0CjqSZSDKFQfH1YQQToxC/BHJEj9W0wt/zg2HAZHJQo+dnQubUBrsDzn6XLCxWg20kMk68S5xt0GFixbrbwZYAdMdBQ3fFyZcuxLlyhLC3HzGrM7WFnN1fFXTFwp1DVYf5WkUhy8Flu1ztYbVWsxkV+lkDUkP2m7NScLje+B3I8UVOrDtPU+VNVXJi2eqXdZWy6sT9S9QEE+70Sa7P6mWUS3DjsXKIJ8nPQUXrXAzBg1c9nDvNGHwQiZtjrJuft1MrPtkyH+GNj/NBRxVvJWpEQCbZYbkmhG9v5dcvOaDgjdfs5U3hmzNEcrHMczuB0fpdwrOOQ6gXJTd7c0p18WtbM5bNKJwFotO3/aQhJwLw/BfO6f769wIlHhNMEbhoPrDLvTuJYiTvSwqHy8FJjqbfZzlNb4DNN709u0YQHkNTU9suNAkiaSFPMPgiCtmq4zRVBI2QZ3i/XYKZW1k/nhCGVeIe9EUTCtshyWfK+IoZ9z9W4w==\n",
            "public_key_pem": "-----BEGIN PUBLIC KEY-----\nMIICIjANBgkqhkiG9w0BAQEFAAOCAg8AMIICCgKCAgEAw0sq1ax1OZRAwLSHuLbp\n6FU+/aeCbo04HBn0mlOQ8toun0Adj1SXEVu8qVfmrhWwZHJcHVgrljb00adt29Oe\nFsqE3ahUmiCwTMRsL3gpGjTR2ow8uWh4zFHP0fRbXGWWAlcf0l3YCxGYKSKxt/fm\nEpOEJfCFxFfHD9mD08xdQc1ifmRg8Sa/6kwbaeJ9Ao6kmUgyhUHx9WEEE6MQvwRy\nRI/VtMLf84NhwGRyUKPnZ0Lm1Aa7A85+lywsVoNtJDJOvEucbdBhYsW628GWAHTH\nQUN3xcmXLsS5coSwtx8xqzO1hZzdXxV0xcKdQ1WH+VpFIcvBZbtc7WG1VrMZFfpZ\nA1JD9puzUnC43vgdyPFFTqw7T1PlTVVyYtnql3WVsurE/UvUBBPu9Emuz+pllEtw\n47FyiCfJz0FF61wMwYNXPZw7zRh8EImbY6ybn7dTKz7ZMh/hjY/zQUcVbyVqREAm\n2WG5JoRvb+XXLzmg4I3X7OVN4ZszRHKxzHM7gdH6XcKzjkOoFyU3e3NKdfFrWzOW\nzSicBaLTt/2kIScC8PwXzun++vcCJR4TTBG4aD6wy707iWIk70sKh8vBSY6m32c5\nTW+AzTe9PbtGEB5DU1PbLjQJImkhTzD4IgrZquM0VQSNkGd4v12CmVtZP54QhlXi\nHvRFEwrbIclnyviKGfc/VuMCAwEAAQ==\n-----END PUBLIC KEY-----\n",
            "rsa_bits": 4096
          },
          "sensitive_attributes": [],
          "private": "bnVsbA==",
          "dependencies": [
            "module.vpc.aws_cloudwatch_log_group.flow_log",
            "module.vpc.aws_customer_gateway.this",
            "module.vpc.aws_db_subnet_group.database",
            "module.vpc.aws_default_network_acl.this",
            "module.vpc.aws_default_route_table.default",
            "module.vpc.aws_default_security_group.this",
            "module.vpc.aws_default_vpc.this",
            "module.vpc.aws_egress_only_internet_gateway.this",
            "module.vpc.aws_eip.nat",
            "module.vpc.aws_elasticache_subnet_group.elasticache",
            "module.vpc.aws_flow_log.this",
            "module.vpc.aws_iam_policy.vpc_flow_log_cloudwatch",
            "module.vpc.aws_iam_role.vpc_flow_log_cloudwatch",
            "module.vpc.aws_iam_role_policy_attachment.vpc_flow_log_cloudwatch",
            "module.vpc.aws_internet_gateway.this",
            "module.vpc.aws_nat_gateway.this",
            "module.vpc.aws_network_acl.database",
            "module.vpc.aws_network_acl.elasticache",
            "module.vpc.aws_network_acl.intra",
            "module.vpc.aws_network_acl.outpost",
            "module.vpc.aws_network_acl.private",
            "module.vpc.aws_network_acl.public",
            "module.vpc.aws_network_acl.redshift",
            "module.vpc.aws_network_acl_rule.database_inbound",
            "module.vpc.aws_network_acl_rule.database_outbound",
            "module.vpc.aws_network_acl_rule.elasticache_inbound",
            "module.vpc.aws_network_acl_rule.elasticache_outbound",
            "module.vpc.aws_network_acl_rule.intra_inbound",
            "module.vpc.aws_network_acl_rule.intra_outbound",
            "module.vpc.aws_network_acl_rule.outpost_inbound",
            "module.vpc.aws_network_acl_rule.outpost_outbound",
            "module.vpc.aws_network_acl_rule.private_inbound",
            "module.vpc.aws_network_acl_rule.private_outbound",
            "module.vpc.aws_network_acl_rule.public_inbound",
            "module.vpc.aws_network_acl_rule.public_outbound",
            "module.vpc.aws_network_acl_rule.redshift_inbound",
            "module.vpc.aws_network_acl_rule.redshift_outbound",
            "module.vpc.aws_redshift_subnet_group.redshift",
            "module.vpc.aws_route.database_internet_gateway",
            "module.vpc.aws_route.database_ipv6_egress",
            "module.vpc.aws_route.database_nat_gateway",
            "module.vpc.aws_route.private_ipv6_egress",
            "module.vpc.aws_route.private_nat_gateway",
            "module.vpc.aws_route.public_internet_gateway",
            "module.vpc.aws_route.public_internet_gateway_ipv6",
            "module.vpc.aws_route_table.database",
            "module.vpc.aws_route_table.elasticache",
            "module.vpc.aws_route_table.intra",
            "module.vpc.aws_route_table.private",
            "module.vpc.aws_route_table.public",
            "module.vpc.aws_route_table.redshift",
            "module.vpc.aws_route_table_association.database",
            "module.vpc.aws_route_table_association.elasticache",
            "module.vpc.aws_route_table_association.intra",
            "module.vpc.aws_route_table_association.outpost",
            "module.vpc.aws_route_table_association.private",
            "module.vpc.aws_route_table_association.public",
            "module.vpc.aws_route_table_association.redshift",
            "module.vpc.aws_route_table_association.redshift_public",
            "module.vpc.aws_subnet.database",
            "module.vpc.aws_subnet.elasticache",
            "module.vpc.aws_subnet.intra",
            "module.vpc.aws_subnet.outpost",
            "module.vpc.aws_subnet.private",
            "module.vpc.aws_subnet.public",
            "module.vpc.aws_subnet.redshift",
            "module.vpc.aws_vpc.this",
            "module.vpc.aws_vpc_dhcp_options.this",
            "module.vpc.aws_vpc_dhcp_options_association.this",
            "module.vpc.aws_vpc_ipv4_cidr_block_association.this",
            "module.vpc.aws_vpn_gateway.this",
            "module.vpc.aws_vpn_gateway_attachment.this",
            "module.vpc.aws_vpn_gateway_route_propagation.intra",
            "module.vpc.aws_vpn_gateway_route_propagation.private",
            "module.vpc.aws_vpn_gateway_route_propagation.public",
            "module.vpc.data.aws_iam_policy_document.flow_log_cloudwatch_assume_role",
            "module.vpc.data.aws_iam_policy_document.vpc_flow_log_cloudwatch"
          ]
        }
      ]
    },
    {
      "module": "module.vpc",
      "mode": "managed",
      "type": "aws_eip",
      "name": "nat",
      "provider": "provider[\"registry.terraform.io/hashicorp/aws\"]",
      "instances": [
        {
          "index_key": 0,
          "schema_version": 0,
          "attributes": {
            "address": null,
            "allocation_id": "eipalloc-02d5e8432fa2af2b0",
            "associate_with_private_ip": null,
            "association_id": "",
            "carrier_ip": "",
            "customer_owned_ip": "",
            "customer_owned_ipv4_pool": "",
            "domain": "vpc",
            "id": "eipalloc-02d5e8432fa2af2b0",
            "instance": "",
            "network_border_group": "us-east-1",
            "network_interface": "",
            "private_dns": null,
            "private_ip": "",
            "public_dns": "ec2-3-233-107-131.compute-1.amazonaws.com",
            "public_ip": "3.233.107.131",
            "public_ipv4_pool": "amazon",
            "tags": {
              "Name": "VPC-us-east-1a"
            },
            "tags_all": {
              "Name": "VPC-us-east-1a"
            },
            "timeouts": null,
            "vpc": true
          },
          "sensitive_attributes": [],
          "private": "eyJlMmJmYjczMC1lY2FhLTExZTYtOGY4OC0zNDM2M2JjN2M0YzAiOnsiZGVsZXRlIjoxODAwMDAwMDAwMDAsInJlYWQiOjkwMDAwMDAwMDAwMCwidXBkYXRlIjozMDAwMDAwMDAwMDB9fQ=="
        }
      ]
    },
    {
      "module": "module.vpc",
      "mode": "managed",
      "type": "aws_internet_gateway",
      "name": "this",
      "provider": "provider[\"registry.terraform.io/hashicorp/aws\"]",
      "instances": [
        {
          "index_key": 0,
          "schema_version": 0,
          "attributes": {
            "arn": "arn:aws:ec2:us-east-1:608335271036:internet-gateway/igw-0d681fab3fd6d4829",
            "id": "igw-0d681fab3fd6d4829",
            "owner_id": "608335271036",
            "tags": {
              "Name": "VPC"
            },
            "tags_all": {
              "Name": "VPC"
            },
            "vpc_id": "vpc-0302454dd3ee843cf"
          },
          "sensitive_attributes": [],
          "private": "bnVsbA==",
          "dependencies": [
            "module.vpc.aws_vpc.this",
            "module.vpc.aws_vpc_ipv4_cidr_block_association.this"
          ]
        }
      ]
    },
    {
      "module": "module.vpc",
      "mode": "managed",
      "type": "aws_nat_gateway",
      "name": "this",
      "provider": "provider[\"registry.terraform.io/hashicorp/aws\"]",
      "instances": [
        {
          "index_key": 0,
          "schema_version": 0,
          "attributes": {
            "allocation_id": "eipalloc-02d5e8432fa2af2b0",
            "connectivity_type": "public",
            "id": "nat-0e7c6a172b10315dd",
            "network_interface_id": "eni-03e38011ae8852b51",
            "private_ip": "172.23.6.69",
            "public_ip": "3.233.107.131",
            "subnet_id": "subnet-08c4f1b7e054290fc",
            "tags": {
              "Name": "caldera-test_natgateway"
            },
            "tags_all": {
              "Name": "caldera-test_natgateway"
            }
          },
          "sensitive_attributes": [],
          "private": "bnVsbA==",
          "dependencies": [
            "module.vpc.aws_eip.nat",
            "module.vpc.aws_internet_gateway.this",
            "module.vpc.aws_subnet.public",
            "module.vpc.aws_vpc.this",
            "module.vpc.aws_vpc_ipv4_cidr_block_association.this"
          ]
        }
      ]
    },
    {
      "module": "module.vpc",
      "mode": "managed",
      "type": "aws_route",
      "name": "private_nat_gateway",
      "provider": "provider[\"registry.terraform.io/hashicorp/aws\"]",
      "instances": [
        {
          "index_key": 0,
          "schema_version": 0,
          "attributes": {
            "carrier_gateway_id": "",
            "core_network_arn": "",
            "destination_cidr_block": "0.0.0.0/0",
            "destination_ipv6_cidr_block": "",
            "destination_prefix_list_id": "",
            "egress_only_gateway_id": "",
            "gateway_id": "",
            "id": "r-rtb-07a67e13f876f31391080289494",
            "instance_id": "",
            "instance_owner_id": "",
            "local_gateway_id": "",
            "nat_gateway_id": "nat-0e7c6a172b10315dd",
            "network_interface_id": "",
            "origin": "CreateRoute",
            "route_table_id": "rtb-07a67e13f876f3139",
            "state": "active",
            "timeouts": {
              "create": "5m",
              "delete": null,
              "update": null
            },
            "transit_gateway_id": "",
            "vpc_endpoint_id": "",
            "vpc_peering_connection_id": ""
          },
          "sensitive_attributes": [],
          "private": "eyJlMmJmYjczMC1lY2FhLTExZTYtOGY4OC0zNDM2M2JjN2M0YzAiOnsiY3JlYXRlIjozMDAwMDAwMDAwMDAsImRlbGV0ZSI6MzAwMDAwMDAwMDAwLCJ1cGRhdGUiOjEyMDAwMDAwMDAwMH19",
          "dependencies": [
            "module.vpc.aws_eip.nat",
            "module.vpc.aws_internet_gateway.this",
            "module.vpc.aws_nat_gateway.this",
            "module.vpc.aws_route_table.private",
            "module.vpc.aws_subnet.public",
            "module.vpc.aws_vpc.this",
            "module.vpc.aws_vpc_ipv4_cidr_block_association.this"
          ]
        }
      ]
    },
    {
      "module": "module.vpc",
      "mode": "managed",
      "type": "aws_route",
      "name": "public_internet_gateway",
      "provider": "provider[\"registry.terraform.io/hashicorp/aws\"]",
      "instances": [
        {
          "index_key": 0,
          "schema_version": 0,
          "attributes": {
            "carrier_gateway_id": "",
            "core_network_arn": "",
            "destination_cidr_block": "0.0.0.0/0",
            "destination_ipv6_cidr_block": "",
            "destination_prefix_list_id": "",
            "egress_only_gateway_id": "",
            "gateway_id": "igw-0d681fab3fd6d4829",
            "id": "r-rtb-0825e594382459f9e1080289494",
            "instance_id": "",
            "instance_owner_id": "",
            "local_gateway_id": "",
            "nat_gateway_id": "",
            "network_interface_id": "",
            "origin": "CreateRoute",
            "route_table_id": "rtb-0825e594382459f9e",
            "state": "active",
            "timeouts": {
              "create": "5m",
              "delete": null,
              "update": null
            },
            "transit_gateway_id": "",
            "vpc_endpoint_id": "",
            "vpc_peering_connection_id": ""
          },
          "sensitive_attributes": [],
          "private": "eyJlMmJmYjczMC1lY2FhLTExZTYtOGY4OC0zNDM2M2JjN2M0YzAiOnsiY3JlYXRlIjozMDAwMDAwMDAwMDAsImRlbGV0ZSI6MzAwMDAwMDAwMDAwLCJ1cGRhdGUiOjEyMDAwMDAwMDAwMH19",
          "dependencies": [
            "module.vpc.aws_internet_gateway.this",
            "module.vpc.aws_route_table.public",
            "module.vpc.aws_vpc.this",
            "module.vpc.aws_vpc_ipv4_cidr_block_association.this"
          ]
        }
      ]
    },
    {
      "module": "module.vpc",
      "mode": "managed",
      "type": "aws_route_table",
      "name": "private",
      "provider": "provider[\"registry.terraform.io/hashicorp/aws\"]",
      "instances": [
        {
          "index_key": 0,
          "schema_version": 0,
          "attributes": {
            "arn": "arn:aws:ec2:us-east-1:608335271036:route-table/rtb-07a67e13f876f3139",
            "id": "rtb-07a67e13f876f3139",
            "owner_id": "608335271036",
            "propagating_vgws": [],
            "route": [],
            "tags": {
              "Name": "VPC-private"
            },
            "tags_all": {
              "Name": "VPC-private"
            },
            "timeouts": null,
            "vpc_id": "vpc-0302454dd3ee843cf"
          },
          "sensitive_attributes": [],
          "private": "eyJlMmJmYjczMC1lY2FhLTExZTYtOGY4OC0zNDM2M2JjN2M0YzAiOnsiY3JlYXRlIjozMDAwMDAwMDAwMDAsImRlbGV0ZSI6MzAwMDAwMDAwMDAwLCJ1cGRhdGUiOjEyMDAwMDAwMDAwMH19",
          "dependencies": [
            "module.vpc.aws_vpc.this",
            "module.vpc.aws_vpc_ipv4_cidr_block_association.this"
          ]
        }
      ]
    },
    {
      "module": "module.vpc",
      "mode": "managed",
      "type": "aws_route_table",
      "name": "public",
      "provider": "provider[\"registry.terraform.io/hashicorp/aws\"]",
      "instances": [
        {
          "index_key": 0,
          "schema_version": 0,
          "attributes": {
            "arn": "arn:aws:ec2:us-east-1:608335271036:route-table/rtb-0825e594382459f9e",
            "id": "rtb-0825e594382459f9e",
            "owner_id": "608335271036",
            "propagating_vgws": [],
            "route": [],
            "tags": {
              "Name": "VPC-public"
            },
            "tags_all": {
              "Name": "VPC-public"
            },
            "timeouts": null,
            "vpc_id": "vpc-0302454dd3ee843cf"
          },
          "sensitive_attributes": [],
          "private": "eyJlMmJmYjczMC1lY2FhLTExZTYtOGY4OC0zNDM2M2JjN2M0YzAiOnsiY3JlYXRlIjozMDAwMDAwMDAwMDAsImRlbGV0ZSI6MzAwMDAwMDAwMDAwLCJ1cGRhdGUiOjEyMDAwMDAwMDAwMH19",
          "dependencies": [
            "module.vpc.aws_vpc.this",
            "module.vpc.aws_vpc_ipv4_cidr_block_association.this"
          ]
        }
      ]
    },
    {
      "module": "module.vpc",
      "mode": "managed",
      "type": "aws_route_table_association",
      "name": "private",
      "provider": "provider[\"registry.terraform.io/hashicorp/aws\"]",
      "instances": [
        {
          "index_key": 0,
          "schema_version": 0,
          "attributes": {
            "gateway_id": "",
            "id": "rtbassoc-00082f6131d107a75",
            "route_table_id": "rtb-07a67e13f876f3139",
            "subnet_id": "subnet-073199328000d7c3b"
          },
          "sensitive_attributes": [],
          "private": "bnVsbA==",
          "dependencies": [
            "module.vpc.aws_route_table.private",
            "module.vpc.aws_subnet.private",
            "module.vpc.aws_vpc.this",
            "module.vpc.aws_vpc_ipv4_cidr_block_association.this"
          ]
        },
        {
          "index_key": 1,
          "schema_version": 0,
          "attributes": {
            "gateway_id": "",
            "id": "rtbassoc-0ebc862ccdbc0033f",
            "route_table_id": "rtb-07a67e13f876f3139",
            "subnet_id": "subnet-0959dd7bfa0495713"
          },
          "sensitive_attributes": [],
          "private": "bnVsbA==",
          "dependencies": [
            "module.vpc.aws_route_table.private",
            "module.vpc.aws_subnet.private",
            "module.vpc.aws_vpc.this",
            "module.vpc.aws_vpc_ipv4_cidr_block_association.this"
          ]
        },
        {
          "index_key": 2,
          "schema_version": 0,
          "attributes": {
            "gateway_id": "",
            "id": "rtbassoc-0c1313349028fdc12",
            "route_table_id": "rtb-07a67e13f876f3139",
            "subnet_id": "subnet-044630b014f4d8cc5"
          },
          "sensitive_attributes": [],
          "private": "bnVsbA==",
          "dependencies": [
            "module.vpc.aws_route_table.private",
            "module.vpc.aws_subnet.private",
            "module.vpc.aws_vpc.this",
            "module.vpc.aws_vpc_ipv4_cidr_block_association.this"
          ]
        },
        {
          "index_key": 3,
          "schema_version": 0,
          "attributes": {
            "gateway_id": "",
            "id": "rtbassoc-0257860b65e4ad77c",
            "route_table_id": "rtb-07a67e13f876f3139",
            "subnet_id": "subnet-024244fbd6ffd6db9"
          },
          "sensitive_attributes": [],
          "private": "bnVsbA==",
          "dependencies": [
            "module.vpc.aws_route_table.private",
            "module.vpc.aws_subnet.private",
            "module.vpc.aws_vpc.this",
            "module.vpc.aws_vpc_ipv4_cidr_block_association.this"
          ]
        },
        {
          "index_key": 4,
          "schema_version": 0,
          "attributes": {
            "gateway_id": "",
            "id": "rtbassoc-037060925bacf854d",
            "route_table_id": "rtb-07a67e13f876f3139",
            "subnet_id": "subnet-0d6fb8b13e781ca2e"
          },
          "sensitive_attributes": [],
          "private": "bnVsbA==",
          "dependencies": [
            "module.vpc.aws_route_table.private",
            "module.vpc.aws_subnet.private",
            "module.vpc.aws_vpc.this",
            "module.vpc.aws_vpc_ipv4_cidr_block_association.this"
          ]
        }
      ]
    },
    {
      "module": "module.vpc",
      "mode": "managed",
      "type": "aws_route_table_association",
      "name": "public",
      "provider": "provider[\"registry.terraform.io/hashicorp/aws\"]",
      "instances": [
        {
          "index_key": 0,
          "schema_version": 0,
          "attributes": {
            "gateway_id": "",
            "id": "rtbassoc-03824cae4bdfff75a",
            "route_table_id": "rtb-0825e594382459f9e",
            "subnet_id": "subnet-08c4f1b7e054290fc"
          },
          "sensitive_attributes": [],
          "private": "bnVsbA==",
          "dependencies": [
            "module.vpc.aws_route_table.public",
            "module.vpc.aws_subnet.public",
            "module.vpc.aws_vpc.this",
            "module.vpc.aws_vpc_ipv4_cidr_block_association.this"
          ]
        },
        {
          "index_key": 1,
          "schema_version": 0,
          "attributes": {
            "gateway_id": "",
            "id": "rtbassoc-0d87ad028e666fba9",
            "route_table_id": "rtb-0825e594382459f9e",
            "subnet_id": "subnet-07270c501a13b59c0"
          },
          "sensitive_attributes": [],
          "private": "bnVsbA==",
          "dependencies": [
            "module.vpc.aws_route_table.public",
            "module.vpc.aws_subnet.public",
            "module.vpc.aws_vpc.this",
            "module.vpc.aws_vpc_ipv4_cidr_block_association.this"
          ]
        },
        {
          "index_key": 2,
          "schema_version": 0,
          "attributes": {
            "gateway_id": "",
            "id": "rtbassoc-087c1246b38108884",
            "route_table_id": "rtb-0825e594382459f9e",
            "subnet_id": "subnet-09e2023414b385c29"
          },
          "sensitive_attributes": [],
          "private": "bnVsbA==",
          "dependencies": [
            "module.vpc.aws_route_table.public",
            "module.vpc.aws_subnet.public",
            "module.vpc.aws_vpc.this",
            "module.vpc.aws_vpc_ipv4_cidr_block_association.this"
          ]
        },
        {
          "index_key": 3,
          "schema_version": 0,
          "attributes": {
            "gateway_id": "",
            "id": "rtbassoc-0ed3552e3585b2208",
            "route_table_id": "rtb-0825e594382459f9e",
            "subnet_id": "subnet-0c5601a78a29a1023"
          },
          "sensitive_attributes": [],
          "private": "bnVsbA==",
          "dependencies": [
            "module.vpc.aws_route_table.public",
            "module.vpc.aws_subnet.public",
            "module.vpc.aws_vpc.this",
            "module.vpc.aws_vpc_ipv4_cidr_block_association.this"
          ]
        },
        {
          "index_key": 4,
          "schema_version": 0,
          "attributes": {
            "gateway_id": "",
            "id": "rtbassoc-026488772460cc8a2",
            "route_table_id": "rtb-0825e594382459f9e",
            "subnet_id": "subnet-00ea3dc22d5358968"
          },
          "sensitive_attributes": [],
          "private": "bnVsbA==",
          "dependencies": [
            "module.vpc.aws_route_table.public",
            "module.vpc.aws_subnet.public",
            "module.vpc.aws_vpc.this",
            "module.vpc.aws_vpc_ipv4_cidr_block_association.this"
          ]
        }
      ]
    },
    {
      "module": "module.vpc",
      "mode": "managed",
      "type": "aws_subnet",
      "name": "private",
      "provider": "provider[\"registry.terraform.io/hashicorp/aws\"]",
      "instances": [
        {
          "index_key": 0,
          "schema_version": 1,
          "attributes": {
            "arn": "arn:aws:ec2:us-east-1:608335271036:subnet/subnet-073199328000d7c3b",
            "assign_ipv6_address_on_creation": false,
            "availability_zone": "us-east-1a",
            "availability_zone_id": "use1-az1",
            "cidr_block": "172.23.0.0/22",
            "customer_owned_ipv4_pool": "",
            "enable_dns64": false,
            "enable_resource_name_dns_a_record_on_launch": false,
            "enable_resource_name_dns_aaaa_record_on_launch": false,
            "id": "subnet-073199328000d7c3b",
            "ipv6_cidr_block": "",
            "ipv6_cidr_block_association_id": "",
            "ipv6_native": false,
            "map_customer_owned_ip_on_launch": false,
            "map_public_ip_on_launch": false,
            "outpost_arn": "",
            "owner_id": "608335271036",
            "private_dns_hostname_type_on_launch": "ip-name",
            "tags": {
              "Name": "caldera-test_private"
            },
            "tags_all": {
              "Name": "caldera-test_private"
            },
            "timeouts": null,
            "vpc_id": "vpc-0302454dd3ee843cf"
          },
          "sensitive_attributes": [],
          "private": "eyJlMmJmYjczMC1lY2FhLTExZTYtOGY4OC0zNDM2M2JjN2M0YzAiOnsiY3JlYXRlIjo2MDAwMDAwMDAwMDAsImRlbGV0ZSI6MTIwMDAwMDAwMDAwMH0sInNjaGVtYV92ZXJzaW9uIjoiMSJ9",
          "dependencies": [
            "module.vpc.aws_vpc.this",
            "module.vpc.aws_vpc_ipv4_cidr_block_association.this"
          ]
        },
        {
          "index_key": 1,
          "schema_version": 1,
          "attributes": {
            "arn": "arn:aws:ec2:us-east-1:608335271036:subnet/subnet-0959dd7bfa0495713",
            "assign_ipv6_address_on_creation": false,
            "availability_zone": "us-east-1b",
            "availability_zone_id": "use1-az2",
            "cidr_block": "172.23.32.0/22",
            "customer_owned_ipv4_pool": "",
            "enable_dns64": false,
            "enable_resource_name_dns_a_record_on_launch": false,
            "enable_resource_name_dns_aaaa_record_on_launch": false,
            "id": "subnet-0959dd7bfa0495713",
            "ipv6_cidr_block": "",
            "ipv6_cidr_block_association_id": "",
            "ipv6_native": false,
            "map_customer_owned_ip_on_launch": false,
            "map_public_ip_on_launch": false,
            "outpost_arn": "",
            "owner_id": "608335271036",
            "private_dns_hostname_type_on_launch": "ip-name",
            "tags": {
              "Name": "caldera-test_private"
            },
            "tags_all": {
              "Name": "caldera-test_private"
            },
            "timeouts": null,
            "vpc_id": "vpc-0302454dd3ee843cf"
          },
          "sensitive_attributes": [],
          "private": "eyJlMmJmYjczMC1lY2FhLTExZTYtOGY4OC0zNDM2M2JjN2M0YzAiOnsiY3JlYXRlIjo2MDAwMDAwMDAwMDAsImRlbGV0ZSI6MTIwMDAwMDAwMDAwMH0sInNjaGVtYV92ZXJzaW9uIjoiMSJ9",
          "dependencies": [
            "module.vpc.aws_vpc.this",
            "module.vpc.aws_vpc_ipv4_cidr_block_association.this"
          ]
        },
        {
          "index_key": 2,
          "schema_version": 1,
          "attributes": {
            "arn": "arn:aws:ec2:us-east-1:608335271036:subnet/subnet-044630b014f4d8cc5",
            "assign_ipv6_address_on_creation": false,
            "availability_zone": "us-east-1c",
            "availability_zone_id": "use1-az4",
            "cidr_block": "172.23.64.0/22",
            "customer_owned_ipv4_pool": "",
            "enable_dns64": false,
            "enable_resource_name_dns_a_record_on_launch": false,
            "enable_resource_name_dns_aaaa_record_on_launch": false,
            "id": "subnet-044630b014f4d8cc5",
            "ipv6_cidr_block": "",
            "ipv6_cidr_block_association_id": "",
            "ipv6_native": false,
            "map_customer_owned_ip_on_launch": false,
            "map_public_ip_on_launch": false,
            "outpost_arn": "",
            "owner_id": "608335271036",
            "private_dns_hostname_type_on_launch": "ip-name",
            "tags": {
              "Name": "caldera-test_private"
            },
            "tags_all": {
              "Name": "caldera-test_private"
            },
            "timeouts": null,
            "vpc_id": "vpc-0302454dd3ee843cf"
          },
          "sensitive_attributes": [],
          "private": "eyJlMmJmYjczMC1lY2FhLTExZTYtOGY4OC0zNDM2M2JjN2M0YzAiOnsiY3JlYXRlIjo2MDAwMDAwMDAwMDAsImRlbGV0ZSI6MTIwMDAwMDAwMDAwMH0sInNjaGVtYV92ZXJzaW9uIjoiMSJ9",
          "dependencies": [
            "module.vpc.aws_vpc.this",
            "module.vpc.aws_vpc_ipv4_cidr_block_association.this"
          ]
        },
        {
          "index_key": 3,
          "schema_version": 1,
          "attributes": {
            "arn": "arn:aws:ec2:us-east-1:608335271036:subnet/subnet-024244fbd6ffd6db9",
            "assign_ipv6_address_on_creation": false,
            "availability_zone": "us-east-1d",
            "availability_zone_id": "use1-az6",
            "cidr_block": "172.23.96.0/22",
            "customer_owned_ipv4_pool": "",
            "enable_dns64": false,
            "enable_resource_name_dns_a_record_on_launch": false,
            "enable_resource_name_dns_aaaa_record_on_launch": false,
            "id": "subnet-024244fbd6ffd6db9",
            "ipv6_cidr_block": "",
            "ipv6_cidr_block_association_id": "",
            "ipv6_native": false,
            "map_customer_owned_ip_on_launch": false,
            "map_public_ip_on_launch": false,
            "outpost_arn": "",
            "owner_id": "608335271036",
            "private_dns_hostname_type_on_launch": "ip-name",
            "tags": {
              "Name": "caldera-test_private"
            },
            "tags_all": {
              "Name": "caldera-test_private"
            },
            "timeouts": null,
            "vpc_id": "vpc-0302454dd3ee843cf"
          },
          "sensitive_attributes": [],
          "private": "eyJlMmJmYjczMC1lY2FhLTExZTYtOGY4OC0zNDM2M2JjN2M0YzAiOnsiY3JlYXRlIjo2MDAwMDAwMDAwMDAsImRlbGV0ZSI6MTIwMDAwMDAwMDAwMH0sInNjaGVtYV92ZXJzaW9uIjoiMSJ9",
          "dependencies": [
            "module.vpc.aws_vpc.this",
            "module.vpc.aws_vpc_ipv4_cidr_block_association.this"
          ]
        },
        {
          "index_key": 4,
          "schema_version": 1,
          "attributes": {
            "arn": "arn:aws:ec2:us-east-1:608335271036:subnet/subnet-0d6fb8b13e781ca2e",
            "assign_ipv6_address_on_creation": false,
            "availability_zone": "us-east-1f",
            "availability_zone_id": "use1-az5",
            "cidr_block": "172.23.160.0/22",
            "customer_owned_ipv4_pool": "",
            "enable_dns64": false,
            "enable_resource_name_dns_a_record_on_launch": false,
            "enable_resource_name_dns_aaaa_record_on_launch": false,
            "id": "subnet-0d6fb8b13e781ca2e",
            "ipv6_cidr_block": "",
            "ipv6_cidr_block_association_id": "",
            "ipv6_native": false,
            "map_customer_owned_ip_on_launch": false,
            "map_public_ip_on_launch": false,
            "outpost_arn": "",
            "owner_id": "608335271036",
            "private_dns_hostname_type_on_launch": "ip-name",
            "tags": {
              "Name": "caldera-test_private"
            },
            "tags_all": {
              "Name": "caldera-test_private"
            },
            "timeouts": null,
            "vpc_id": "vpc-0302454dd3ee843cf"
          },
          "sensitive_attributes": [],
          "private": "eyJlMmJmYjczMC1lY2FhLTExZTYtOGY4OC0zNDM2M2JjN2M0YzAiOnsiY3JlYXRlIjo2MDAwMDAwMDAwMDAsImRlbGV0ZSI6MTIwMDAwMDAwMDAwMH0sInNjaGVtYV92ZXJzaW9uIjoiMSJ9",
          "dependencies": [
            "module.vpc.aws_vpc.this",
            "module.vpc.aws_vpc_ipv4_cidr_block_association.this"
          ]
        }
      ]
    },
    {
      "module": "module.vpc",
      "mode": "managed",
      "type": "aws_subnet",
      "name": "public",
      "provider": "provider[\"registry.terraform.io/hashicorp/aws\"]",
      "instances": [
        {
          "index_key": 0,
          "schema_version": 1,
          "attributes": {
            "arn": "arn:aws:ec2:us-east-1:608335271036:subnet/subnet-08c4f1b7e054290fc",
            "assign_ipv6_address_on_creation": false,
            "availability_zone": "us-east-1a",
            "availability_zone_id": "use1-az1",
            "cidr_block": "172.23.4.0/22",
            "customer_owned_ipv4_pool": "",
            "enable_dns64": false,
            "enable_resource_name_dns_a_record_on_launch": false,
            "enable_resource_name_dns_aaaa_record_on_launch": false,
            "id": "subnet-08c4f1b7e054290fc",
            "ipv6_cidr_block": "",
            "ipv6_cidr_block_association_id": "",
            "ipv6_native": false,
            "map_customer_owned_ip_on_launch": false,
            "map_public_ip_on_launch": true,
            "outpost_arn": "",
            "owner_id": "608335271036",
            "private_dns_hostname_type_on_launch": "ip-name",
            "tags": {
              "Name": "caldera-test_public"
            },
            "tags_all": {
              "Name": "caldera-test_public"
            },
            "timeouts": null,
            "vpc_id": "vpc-0302454dd3ee843cf"
          },
          "sensitive_attributes": [],
          "private": "eyJlMmJmYjczMC1lY2FhLTExZTYtOGY4OC0zNDM2M2JjN2M0YzAiOnsiY3JlYXRlIjo2MDAwMDAwMDAwMDAsImRlbGV0ZSI6MTIwMDAwMDAwMDAwMH0sInNjaGVtYV92ZXJzaW9uIjoiMSJ9",
          "dependencies": [
            "module.vpc.aws_vpc.this",
            "module.vpc.aws_vpc_ipv4_cidr_block_association.this"
          ]
        },
        {
          "index_key": 1,
          "schema_version": 1,
          "attributes": {
            "arn": "arn:aws:ec2:us-east-1:608335271036:subnet/subnet-07270c501a13b59c0",
            "assign_ipv6_address_on_creation": false,
            "availability_zone": "us-east-1b",
            "availability_zone_id": "use1-az2",
            "cidr_block": "172.23.36.0/22",
            "customer_owned_ipv4_pool": "",
            "enable_dns64": false,
            "enable_resource_name_dns_a_record_on_launch": false,
            "enable_resource_name_dns_aaaa_record_on_launch": false,
            "id": "subnet-07270c501a13b59c0",
            "ipv6_cidr_block": "",
            "ipv6_cidr_block_association_id": "",
            "ipv6_native": false,
            "map_customer_owned_ip_on_launch": false,
            "map_public_ip_on_launch": true,
            "outpost_arn": "",
            "owner_id": "608335271036",
            "private_dns_hostname_type_on_launch": "ip-name",
            "tags": {
              "Name": "caldera-test_public"
            },
            "tags_all": {
              "Name": "caldera-test_public"
            },
            "timeouts": null,
            "vpc_id": "vpc-0302454dd3ee843cf"
          },
          "sensitive_attributes": [],
          "private": "eyJlMmJmYjczMC1lY2FhLTExZTYtOGY4OC0zNDM2M2JjN2M0YzAiOnsiY3JlYXRlIjo2MDAwMDAwMDAwMDAsImRlbGV0ZSI6MTIwMDAwMDAwMDAwMH0sInNjaGVtYV92ZXJzaW9uIjoiMSJ9",
          "dependencies": [
            "module.vpc.aws_vpc.this",
            "module.vpc.aws_vpc_ipv4_cidr_block_association.this"
          ]
        },
        {
          "index_key": 2,
          "schema_version": 1,
          "attributes": {
            "arn": "arn:aws:ec2:us-east-1:608335271036:subnet/subnet-09e2023414b385c29",
            "assign_ipv6_address_on_creation": false,
            "availability_zone": "us-east-1c",
            "availability_zone_id": "use1-az4",
            "cidr_block": "172.23.68.0/22",
            "customer_owned_ipv4_pool": "",
            "enable_dns64": false,
            "enable_resource_name_dns_a_record_on_launch": false,
            "enable_resource_name_dns_aaaa_record_on_launch": false,
            "id": "subnet-09e2023414b385c29",
            "ipv6_cidr_block": "",
            "ipv6_cidr_block_association_id": "",
            "ipv6_native": false,
            "map_customer_owned_ip_on_launch": false,
            "map_public_ip_on_launch": true,
            "outpost_arn": "",
            "owner_id": "608335271036",
            "private_dns_hostname_type_on_launch": "ip-name",
            "tags": {
              "Name": "caldera-test_public"
            },
            "tags_all": {
              "Name": "caldera-test_public"
            },
            "timeouts": null,
            "vpc_id": "vpc-0302454dd3ee843cf"
          },
          "sensitive_attributes": [],
          "private": "eyJlMmJmYjczMC1lY2FhLTExZTYtOGY4OC0zNDM2M2JjN2M0YzAiOnsiY3JlYXRlIjo2MDAwMDAwMDAwMDAsImRlbGV0ZSI6MTIwMDAwMDAwMDAwMH0sInNjaGVtYV92ZXJzaW9uIjoiMSJ9",
          "dependencies": [
            "module.vpc.aws_vpc.this",
            "module.vpc.aws_vpc_ipv4_cidr_block_association.this"
          ]
        },
        {
          "index_key": 3,
          "schema_version": 1,
          "attributes": {
            "arn": "arn:aws:ec2:us-east-1:608335271036:subnet/subnet-0c5601a78a29a1023",
            "assign_ipv6_address_on_creation": false,
            "availability_zone": "us-east-1d",
            "availability_zone_id": "use1-az6",
            "cidr_block": "172.23.100.0/22",
            "customer_owned_ipv4_pool": "",
            "enable_dns64": false,
            "enable_resource_name_dns_a_record_on_launch": false,
            "enable_resource_name_dns_aaaa_record_on_launch": false,
            "id": "subnet-0c5601a78a29a1023",
            "ipv6_cidr_block": "",
            "ipv6_cidr_block_association_id": "",
            "ipv6_native": false,
            "map_customer_owned_ip_on_launch": false,
            "map_public_ip_on_launch": true,
            "outpost_arn": "",
            "owner_id": "608335271036",
            "private_dns_hostname_type_on_launch": "ip-name",
            "tags": {
              "Name": "caldera-test_public"
            },
            "tags_all": {
              "Name": "caldera-test_public"
            },
            "timeouts": null,
            "vpc_id": "vpc-0302454dd3ee843cf"
          },
          "sensitive_attributes": [],
          "private": "eyJlMmJmYjczMC1lY2FhLTExZTYtOGY4OC0zNDM2M2JjN2M0YzAiOnsiY3JlYXRlIjo2MDAwMDAwMDAwMDAsImRlbGV0ZSI6MTIwMDAwMDAwMDAwMH0sInNjaGVtYV92ZXJzaW9uIjoiMSJ9",
          "dependencies": [
            "module.vpc.aws_vpc.this",
            "module.vpc.aws_vpc_ipv4_cidr_block_association.this"
          ]
        },
        {
          "index_key": 4,
          "schema_version": 1,
          "attributes": {
            "arn": "arn:aws:ec2:us-east-1:608335271036:subnet/subnet-00ea3dc22d5358968",
            "assign_ipv6_address_on_creation": false,
            "availability_zone": "us-east-1f",
            "availability_zone_id": "use1-az5",
            "cidr_block": "172.23.164.0/22",
            "customer_owned_ipv4_pool": "",
            "enable_dns64": false,
            "enable_resource_name_dns_a_record_on_launch": false,
            "enable_resource_name_dns_aaaa_record_on_launch": false,
            "id": "subnet-00ea3dc22d5358968",
            "ipv6_cidr_block": "",
            "ipv6_cidr_block_association_id": "",
            "ipv6_native": false,
            "map_customer_owned_ip_on_launch": false,
            "map_public_ip_on_launch": true,
            "outpost_arn": "",
            "owner_id": "608335271036",
            "private_dns_hostname_type_on_launch": "ip-name",
            "tags": {
              "Name": "caldera-test_public"
            },
            "tags_all": {
              "Name": "caldera-test_public"
            },
            "timeouts": null,
            "vpc_id": "vpc-0302454dd3ee843cf"
          },
          "sensitive_attributes": [],
          "private": "eyJlMmJmYjczMC1lY2FhLTExZTYtOGY4OC0zNDM2M2JjN2M0YzAiOnsiY3JlYXRlIjo2MDAwMDAwMDAwMDAsImRlbGV0ZSI6MTIwMDAwMDAwMDAwMH0sInNjaGVtYV92ZXJzaW9uIjoiMSJ9",
          "dependencies": [
            "module.vpc.aws_vpc.this",
            "module.vpc.aws_vpc_ipv4_cidr_block_association.this"
          ]
        }
      ]
    },
    {
      "module": "module.vpc",
      "mode": "managed",
      "type": "aws_vpc",
      "name": "this",
      "provider": "provider[\"registry.terraform.io/hashicorp/aws\"]",
      "instances": [
        {
          "index_key": 0,
          "schema_version": 1,
          "attributes": {
            "arn": "arn:aws:ec2:us-east-1:608335271036:vpc/vpc-0302454dd3ee843cf",
            "assign_generated_ipv6_cidr_block": false,
            "cidr_block": "172.23.0.0/16",
            "default_network_acl_id": "acl-007e8f77ad95f130b",
            "default_route_table_id": "rtb-072c1e7839110f332",
            "default_security_group_id": "sg-0d56d3efb0e28e226",
            "dhcp_options_id": "dopt-0f08106eb8abf1118",
            "enable_classiclink": false,
            "enable_classiclink_dns_support": false,
            "enable_dns_hostnames": true,
            "enable_dns_support": true,
            "id": "vpc-0302454dd3ee843cf",
            "instance_tenancy": "default",
            "ipv4_ipam_pool_id": null,
            "ipv4_netmask_length": null,
            "ipv6_association_id": "",
            "ipv6_cidr_block": "",
            "ipv6_cidr_block_network_border_group": "",
            "ipv6_ipam_pool_id": "",
            "ipv6_netmask_length": 0,
            "main_route_table_id": "rtb-072c1e7839110f332",
            "owner_id": "608335271036",
            "tags": {
              "Name": "VPC"
            },
            "tags_all": {
              "Name": "VPC"
            }
          },
          "sensitive_attributes": [],
          "private": "eyJzY2hlbWFfdmVyc2lvbiI6IjEifQ=="
        }
      ]
    }
  ]
}
