{
  "version": 4,
  "terraform_version": "1.2.4",
  "serial": 134,
  "lineage": "a8d707a7-9abe-c5ec-e9a9-c5dc5da6e053",
  "outputs": {
    "caldera_server_ip": {
      "value": "54.209.49.252",
      "type": "string"
    },
    "rsa_private_key": {
      "value": "-----BEGIN RSA PRIVATE KEY-----\nMIIJKgIBAAKCAgEA1GiBZ7IMzrMDiZ5xX9uhtAM4vKBEwETCBB5e8S9s5wRQN087\niCSWcFF7VxxwNcfvGUZyz8t2fJK7rX5gf3AKT5H339tAtIAYKHJI1q/UGi3DfVFt\nyrPiibaAANG5EGDSYnGVKP/o/CAm+0+xjKYbIHCHY4rCKtNw8i3/L37nA4KhQpbk\nANpQhvuHEK5UnY90cB4HOn8s/lomVyVi3a2BbQJNiM1kAgbvFaWe2+Bes0zbpzL1\nW32XlIHzV+jwVCo9JGBjrq2YnoXPaHtTOGxa6timzZafyOhXDnRcQQz9wZXzaC+J\nT3q7GTv0G591I4wz09x5O7lSgFA9LZRUgLtizORQed99KehyCO7bCGmSyAFAjwdz\nH11EE7UbDFqPQR0MErQXkscXTX5Xx2KmrQw7d9hoTz6TwgqgKcyRf1xzINH7y7QC\nUitAWKjAhDo1oed9xmvVSsWy1NzIge5hNZXcpkOpIO0ZCerD5oDi5uE6DOs4LtsK\n9D9iSl/NzshRqRQyXMiQs/rqo9j/9KvKLXXT/eJkSH1MC1kqGxP2hctqZ4M19IYe\nsne8+ECG1p186xYg82FmLSaxhTUqgyQh5eaI5Dc165HfLJ+atOfi0qnt3LsIGxsX\n2ok9FVau37ggMpZPHe7eDk3J9G731AtCfhdHkZ0+jTiFWNNzrAWve7cGViMCAwEA\nAQKCAgEA0ZapEcP7pT24oOOppVeX0INZSa6vCDUQaHX7YutT/wQfjuPsryLDGuMb\n3FHgWwEEaaE9CtMOAE/dRo0r9LN+SROUTdwPlcvLiqVyP/zRQl+jxRVDS7+CKjbd\nSXGntYSEM8U11HXn1Fh5foMdg9YncDP5M/yoKQ/oI9/FLH2Av9L3AjjXlAvXZ8nr\ndUc/kRULZNIMeekhYX1c1aK7UlexHPonvXRFWUa0RVzeSsGzUCLnnqzGs9dSaaRs\nlHLyKWpgWHOQCL2cmdcZWFRQQp2QfKj4tmYJFnpD5Kxml32VKp6mxkgZqkZFNdoV\nvefy8veV8Fhde9QalygVpdL2Kuw7yHkqoKy7TXWc3iW9P2m/Mf/vE5vD2NuzRlgt\n0duFO3fTC4btaJtgQsVl21+DNCD2FXaqyNJ691kKI9S2Tu6AhMIsvU5BcoeJqbKa\nhqeMOEVC/d5Vk2WtmATjW2CYuvDXXfDQ2twWzs5VScogXUCv+hqy08uIcIioSJRy\nl3PeebedgHaJixrk8+dAYviucsMZqpEYyR40E/ljoWJZID1n8o2ht5U5nW9Ak/kp\n/YMdsSbi5BNaqtIqeT5ZI7+4Gbk5HxtlIhh+zY/MAqi1j8UEBLVoC//CW8OQlAXA\nVnce+K0flVChT8nFRoCUlPOMdl3SCI8yPZPSVQ3h2d44TclhS/ECggEBAP3dGGHN\ntcNQsFcmqckZ7H/Ym2onW8bY6qoIU7VVoyItVAykVNsKVTnxMUdoJ4zOAj7/KkTH\nJZriFxFhqhIMshnjEPBOFt0WNA+oJuXslyI0S905icXw77YYuqdwp5RfNo+N1Ip+\nIUqxMbiZKeNTqk2b+4wPUpz36QaYZgLGLPt97qOqhyv/+XCeXwkzY02aLF45V56T\nizapeSww2UUpO8PbBfnr3X6mw2XpxPjNHZ6xTR2wmmxflUHQnMnDWmHpIUHXs89Q\nXzw0v0q6vTpi+LBkXfvbRQaOC+WEjbUSqhSqJ8VgPH8yoybwOahm3BrF1IDWJIOl\nJB7n+so62g+yUwsCggEBANYyGg7YOVmiPmEdq+zelREr5DIdetn3UcXgq7X6ZWKz\nsSiq8HRMmh8pjSZ5D5H0IlUBslRdP5WL6ZaswLCpG8roFSaG78PBHNV5GG1SJuA1\nmvdLrG6wd0pHOBTnmhPlnIwl3JEXCRUb5NkIbOf+zLMKApErEJTuy5klRhljKaKy\nofbDj6sP5f91IMDCyhJjQoYC2I0uhJIX01ys/ytDG1wl5lBOU6U2ey+dpe70tRkj\ngtk+bh42vDPehnT9DiS2V0ZQwZK9liRDEbjZ33fFB6wqSXHCWhD5tVRQBMNe7P+s\ng1uSMIkRQOymU6WZx4equNm3OHYLAh+hSco/Kypu+EkCggEBAK8VIC674CLvcF76\n5Fg0z94wdqdUs8BFdDqGeazzfgohNvltELTswHCwvurfk39RyUzHUNCUhIP4cC5l\nrBS8usyNxO3m/W/HU2qE7ybd8DH/3V6aw0FH9RsinQDD+l+i9w80oyRM7wsDgCYv\nRCtrVWYnMOqc2r41YHpS+u/o27crWD16a7VV2iPopeTDkzY/IWBurdZJLdcqNM7c\ndcx0LqraUJnYKS+jNdoAyv9I/6el4mialzYtCdSVWrzwRVKHpY8yg+l0Jepw+olA\nlydAgQGuhv8fb9CggOXvcIg0cibEX5+Jys9zDgDZ5voUzrKMRA4DIrXEXFAQb++v\nfRscQpcCggEBAJqrex2VDXSoL5s5LdjRsZrAsvttRjT23lmhLt0tfuCTGS5goVmZ\npwExo/dQG+os/E2d+APrgeqfKYHgJRRsSOFwTTWQ4rncTNHpq7XlSKVGkCxavJ0B\nWGKOovSVeTE88JpTDL7If4p6pfoCl4G/AFmYtNnW2xZwiRyBSekzLfGKRGJIPQot\nZMve7FPFVN2KR5M1ouHv4VMNWVbmpSu8PZmA1JrQtJ3shW+Qyy2ODuekOOxepG20\n4Joj6bu4r+nasZLY5a7sr+pnc/ijezalVDECKB65VQhFCKdlUMszVLga/o+1NM8F\nYniAco52SRqyMOEl6ON0d4gXk40zqBvwHeECggEAQi/Q7wzQ1gDB/d54Pq8MkW+U\nCOcsoUwNlgoK3ZoqQoaKP/95BkkRTk4/EhnbKI4N3khx+HB+SuaP2630m1MWafoQ\nv29a7ruhGAEIlCqPBlM5h/0B/fQr3WT/iP3Z/wR+bzzZo6v1xLNe700qk58YjYpi\n61oIvXevNulptoW8LTk6YU3PkUtQ9zX50iwU8w44ls5i/S5gmzdWqjvr7ZWKZ+Uz\nfuohVxIrLx+GprbtTxVrBKYcOWpkI4g4GA/PgyH141y8wPYf/NMkMYG2q2wQS0Xi\nNEeHKH4406qyj0JdeoatBVg3sW0aqB9/KRj/Qwaol8tElxjC060MLzYTm8xtvg==\n-----END RSA PRIVATE KEY-----\n",
      "type": "string"
    }
  },
  "resources": [
    {
      "mode": "managed",
      "type": "aws_instance",
      "name": "caldera_server",
      "provider": "provider[\"registry.terraform.io/hashicorp/aws\"]",
      "instances": [
        {
          "schema_version": 1,
          "attributes": {
            "ami": "ami-09d56f8956ab235b3",
            "arn": "arn:aws:ec2:us-east-1:201385125754:instance/i-067c636adafc932a1",
            "associate_public_ip_address": true,
            "availability_zone": "us-east-1a",
            "capacity_reservation_specification": [
              {
                "capacity_reservation_preference": "open",
                "capacity_reservation_target": []
              }
            ],
            "cpu_core_count": 1,
            "cpu_threads_per_core": 2,
            "credit_specification": [
              {
                "cpu_credits": "unlimited"
              }
            ],
            "disable_api_stop": false,
            "disable_api_termination": false,
            "ebs_block_device": [],
            "ebs_optimized": false,
            "enclave_options": [
              {
                "enabled": false
              }
            ],
            "ephemeral_block_device": [],
            "get_password_data": false,
            "hibernation": false,
            "host_id": null,
            "iam_instance_profile": "",
            "id": "i-067c636adafc932a1",
            "instance_initiated_shutdown_behavior": "stop",
            "instance_state": "running",
            "instance_type": "t3.medium",
            "ipv6_address_count": 0,
            "ipv6_addresses": [],
            "key_name": "caldera-nodes",
            "launch_template": [],
            "maintenance_options": [
              {
                "auto_recovery": "default"
              }
            ],
            "metadata_options": [
              {
                "http_endpoint": "enabled",
                "http_put_response_hop_limit": 1,
                "http_tokens": "optional",
                "instance_metadata_tags": "disabled"
              }
            ],
            "monitoring": false,
            "network_interface": [],
            "outpost_arn": "",
            "password_data": "",
            "placement_group": "",
            "placement_partition_number": null,
            "primary_network_interface_id": "eni-0cc97aafcfa12606e",
            "private_dns": "ip-172-23-6-95.ec2.internal",
            "private_dns_name_options": [
              {
                "enable_resource_name_dns_a_record": false,
                "enable_resource_name_dns_aaaa_record": false,
                "hostname_type": "ip-name"
              }
            ],
            "private_ip": "172.23.6.95",
            "public_dns": "ec2-54-209-49-252.compute-1.amazonaws.com",
            "public_ip": "54.209.49.252",
            "root_block_device": [
              {
                "delete_on_termination": true,
                "device_name": "/dev/sda1",
                "encrypted": false,
                "iops": 100,
                "kms_key_id": "",
                "tags": {},
                "throughput": 0,
                "volume_id": "vol-09651c728009253f4",
                "volume_size": 8,
                "volume_type": "gp2"
              }
            ],
            "secondary_private_ips": [],
            "security_groups": [],
            "source_dest_check": true,
            "subnet_id": "subnet-03ea91a934cb7efad",
            "tags": {
              "Name": "caldera_server",
              "environment": "caldera-test"
            },
            "tags_all": {
              "Name": "caldera_server",
              "environment": "caldera-test"
            },
            "tenancy": "default",
            "timeouts": null,
            "user_data": "40871111b73dea6b5d322930f8e792b4e96fbfa4",
            "user_data_base64": null,
            "user_data_replace_on_change": false,
            "volume_tags": null,
            "vpc_security_group_ids": [
              "sg-0eb7d80360d2fd91b"
            ]
          },
          "sensitive_attributes": [],
          "private": "eyJlMmJmYjczMC1lY2FhLTExZTYtOGY4OC0zNDM2M2JjN2M0YzAiOnsiY3JlYXRlIjo2MDAwMDAwMDAwMDAsImRlbGV0ZSI6MTIwMDAwMDAwMDAwMCwidXBkYXRlIjo2MDAwMDAwMDAwMDB9LCJzY2hlbWFfdmVyc2lvbiI6IjEifQ==",
          "dependencies": [
            "aws_security_group.sg_caldera_server",
            "module.aws_rsa_key.aws_key_pair.worker",
            "module.aws_rsa_key.local_file.ssh_local",
            "module.aws_rsa_key.tls_private_key.ssh_key",
            "module.vpc.aws_cloudwatch_log_group.flow_log",
            "module.vpc.aws_customer_gateway.this",
            "module.vpc.aws_db_subnet_group.database",
            "module.vpc.aws_default_network_acl.this",
            "module.vpc.aws_default_route_table.default",
            "module.vpc.aws_default_security_group.this",
            "module.vpc.aws_default_vpc.this",
            "module.vpc.aws_egress_only_internet_gateway.this",
            "module.vpc.aws_eip.nat",
            "module.vpc.aws_elasticache_subnet_group.elasticache",
            "module.vpc.aws_flow_log.this",
            "module.vpc.aws_iam_policy.vpc_flow_log_cloudwatch",
            "module.vpc.aws_iam_role.vpc_flow_log_cloudwatch",
            "module.vpc.aws_iam_role_policy_attachment.vpc_flow_log_cloudwatch",
            "module.vpc.aws_internet_gateway.this",
            "module.vpc.aws_nat_gateway.this",
            "module.vpc.aws_network_acl.database",
            "module.vpc.aws_network_acl.elasticache",
            "module.vpc.aws_network_acl.intra",
            "module.vpc.aws_network_acl.outpost",
            "module.vpc.aws_network_acl.private",
            "module.vpc.aws_network_acl.public",
            "module.vpc.aws_network_acl.redshift",
            "module.vpc.aws_network_acl_rule.database_inbound",
            "module.vpc.aws_network_acl_rule.database_outbound",
            "module.vpc.aws_network_acl_rule.elasticache_inbound",
            "module.vpc.aws_network_acl_rule.elasticache_outbound",
            "module.vpc.aws_network_acl_rule.intra_inbound",
            "module.vpc.aws_network_acl_rule.intra_outbound",
            "module.vpc.aws_network_acl_rule.outpost_inbound",
            "module.vpc.aws_network_acl_rule.outpost_outbound",
            "module.vpc.aws_network_acl_rule.private_inbound",
            "module.vpc.aws_network_acl_rule.private_outbound",
            "module.vpc.aws_network_acl_rule.public_inbound",
            "module.vpc.aws_network_acl_rule.public_outbound",
            "module.vpc.aws_network_acl_rule.redshift_inbound",
            "module.vpc.aws_network_acl_rule.redshift_outbound",
            "module.vpc.aws_redshift_subnet_group.redshift",
            "module.vpc.aws_route.database_internet_gateway",
            "module.vpc.aws_route.database_ipv6_egress",
            "module.vpc.aws_route.database_nat_gateway",
            "module.vpc.aws_route.private_ipv6_egress",
            "module.vpc.aws_route.private_nat_gateway",
            "module.vpc.aws_route.public_internet_gateway",
            "module.vpc.aws_route.public_internet_gateway_ipv6",
            "module.vpc.aws_route_table.database",
            "module.vpc.aws_route_table.elasticache",
            "module.vpc.aws_route_table.intra",
            "module.vpc.aws_route_table.private",
            "module.vpc.aws_route_table.public",
            "module.vpc.aws_route_table.redshift",
            "module.vpc.aws_route_table_association.database",
            "module.vpc.aws_route_table_association.elasticache",
            "module.vpc.aws_route_table_association.intra",
            "module.vpc.aws_route_table_association.outpost",
            "module.vpc.aws_route_table_association.private",
            "module.vpc.aws_route_table_association.public",
            "module.vpc.aws_route_table_association.redshift",
            "module.vpc.aws_route_table_association.redshift_public",
            "module.vpc.aws_subnet.database",
            "module.vpc.aws_subnet.elasticache",
            "module.vpc.aws_subnet.intra",
            "module.vpc.aws_subnet.outpost",
            "module.vpc.aws_subnet.private",
            "module.vpc.aws_subnet.public",
            "module.vpc.aws_subnet.redshift",
            "module.vpc.aws_vpc.this",
            "module.vpc.aws_vpc_dhcp_options.this",
            "module.vpc.aws_vpc_dhcp_options_association.this",
            "module.vpc.aws_vpc_ipv4_cidr_block_association.this",
            "module.vpc.aws_vpn_gateway.this",
            "module.vpc.aws_vpn_gateway_attachment.this",
            "module.vpc.aws_vpn_gateway_route_propagation.intra",
            "module.vpc.aws_vpn_gateway_route_propagation.private",
            "module.vpc.aws_vpn_gateway_route_propagation.public",
            "module.vpc.data.aws_iam_policy_document.flow_log_cloudwatch_assume_role",
            "module.vpc.data.aws_iam_policy_document.vpc_flow_log_cloudwatch"
          ]
        }
      ]
    },
    {
      "mode": "managed",
      "type": "aws_security_group",
      "name": "sg_caldera_server",
      "provider": "provider[\"registry.terraform.io/hashicorp/aws\"]",
      "instances": [
        {
          "schema_version": 1,
          "attributes": {
            "arn": "arn:aws:ec2:us-east-1:201385125754:security-group/sg-0eb7d80360d2fd91b",
            "description": "Allow ports for caldera server",
            "egress": [
              {
                "cidr_blocks": [
                  "0.0.0.0/0"
                ],
                "description": "",
                "from_port": 0,
                "ipv6_cidr_blocks": [],
                "prefix_list_ids": [],
                "protocol": "-1",
                "security_groups": [],
                "self": false,
                "to_port": 0
              }
            ],
            "id": "sg-0eb7d80360d2fd91b",
            "ingress": [
              {
                "cidr_blocks": [
                  "0.0.0.0/0"
                ],
                "description": "Caldera server port",
                "from_port": 2288,
                "ipv6_cidr_blocks": [],
                "prefix_list_ids": [],
                "protocol": "tcp",
                "security_groups": [],
                "self": false,
                "to_port": 2288
              },
              {
                "cidr_blocks": [
                  "0.0.0.0/0"
                ],
                "description": "SSH from VPC",
                "from_port": 22,
                "ipv6_cidr_blocks": [],
                "prefix_list_ids": [],
                "protocol": "tcp",
                "security_groups": [],
                "self": false,
                "to_port": 22
              }
            ],
            "name": "sg_caldera_linux",
            "name_prefix": "",
            "owner_id": "201385125754",
            "revoke_rules_on_delete": false,
            "tags": {
              "environment": "caldera-test"
            },
            "tags_all": {
              "environment": "caldera-test"
            },
            "timeouts": null,
            "vpc_id": "vpc-041c6f29540ce3a09"
          },
          "sensitive_attributes": [],
          "private": "eyJlMmJmYjczMC1lY2FhLTExZTYtOGY4OC0zNDM2M2JjN2M0YzAiOnsiY3JlYXRlIjo2MDAwMDAwMDAwMDAsImRlbGV0ZSI6OTAwMDAwMDAwMDAwfSwic2NoZW1hX3ZlcnNpb24iOiIxIn0=",
          "dependencies": [
            "module.vpc.aws_vpc.this"
          ]
        }
      ]
    },
    {
      "module": "module.aws_rsa_key",
      "mode": "managed",
      "type": "aws_key_pair",
      "name": "worker",
      "provider": "provider[\"registry.terraform.io/hashicorp/aws\"]",
      "instances": [
        {
          "schema_version": 1,
          "attributes": {
            "arn": "arn:aws:ec2:us-east-1:201385125754:key-pair/caldera-nodes",
            "fingerprint": "e1:09:ac:6c:0b:c7:2f:dd:34:96:e3:de:8f:3a:d1:01",
            "id": "caldera-nodes",
            "key_name": "caldera-nodes",
            "key_name_prefix": "",
            "key_pair_id": "key-00397003ec14ca884",
            "key_type": "rsa",
            "public_key": "ssh-rsa AAAAB3NzaC1yc2EAAAADAQABAAACAQDUaIFnsgzOswOJnnFf26G0Azi8oETARMIEHl7xL2znBFA3TzuIJJZwUXtXHHA1x+8ZRnLPy3Z8krutfmB/cApPkfff20C0gBgockjWr9QaLcN9UW3Ks+KJtoAA0bkQYNJicZUo/+j8ICb7T7GMphsgcIdjisIq03DyLf8vfucDgqFCluQA2lCG+4cQrlSdj3RwHgc6fyz+WiZXJWLdrYFtAk2IzWQCBu8VpZ7b4F6zTNunMvVbfZeUgfNX6PBUKj0kYGOurZiehc9oe1M4bFrq2KbNlp/I6FcOdFxBDP3BlfNoL4lPersZO/Qbn3UjjDPT3Hk7uVKAUD0tlFSAu2LM5FB5330p6HII7tsIaZLIAUCPB3MfXUQTtRsMWo9BHQwStBeSxxdNflfHYqatDDt32GhPPpPCCqApzJF/XHMg0fvLtAJSK0BYqMCEOjWh533Ga9VKxbLU3MiB7mE1ldymQ6kg7RkJ6sPmgOLm4ToM6zgu2wr0P2JKX83OyFGpFDJcyJCz+uqj2P/0q8otddP94mRIfUwLWSobE/aFy2pngzX0hh6yd7z4QIbWnXzrFiDzYWYtJrGFNSqDJCHl5ojkNzXrkd8sn5q05+LSqe3cuwgbGxfaiT0VVq7fuCAylk8d7t4OTcn0bvfUC0J+F0eRnT6NOIVY03OsBa97twZWIw==",
            "tags": {},
            "tags_all": {}
          },
          "sensitive_attributes": [],
          "private": "eyJzY2hlbWFfdmVyc2lvbiI6IjEifQ==",
          "dependencies": [
            "module.aws_rsa_key.tls_private_key.ssh_key",
            "module.vpc.aws_cloudwatch_log_group.flow_log",
            "module.vpc.aws_customer_gateway.this",
            "module.vpc.aws_db_subnet_group.database",
            "module.vpc.aws_default_network_acl.this",
            "module.vpc.aws_default_route_table.default",
            "module.vpc.aws_default_security_group.this",
            "module.vpc.aws_default_vpc.this",
            "module.vpc.aws_egress_only_internet_gateway.this",
            "module.vpc.aws_eip.nat",
            "module.vpc.aws_elasticache_subnet_group.elasticache",
            "module.vpc.aws_flow_log.this",
            "module.vpc.aws_iam_policy.vpc_flow_log_cloudwatch",
            "module.vpc.aws_iam_role.vpc_flow_log_cloudwatch",
            "module.vpc.aws_iam_role_policy_attachment.vpc_flow_log_cloudwatch",
            "module.vpc.aws_internet_gateway.this",
            "module.vpc.aws_nat_gateway.this",
            "module.vpc.aws_network_acl.database",
            "module.vpc.aws_network_acl.elasticache",
            "module.vpc.aws_network_acl.intra",
            "module.vpc.aws_network_acl.outpost",
            "module.vpc.aws_network_acl.private",
            "module.vpc.aws_network_acl.public",
            "module.vpc.aws_network_acl.redshift",
            "module.vpc.aws_network_acl_rule.database_inbound",
            "module.vpc.aws_network_acl_rule.database_outbound",
            "module.vpc.aws_network_acl_rule.elasticache_inbound",
            "module.vpc.aws_network_acl_rule.elasticache_outbound",
            "module.vpc.aws_network_acl_rule.intra_inbound",
            "module.vpc.aws_network_acl_rule.intra_outbound",
            "module.vpc.aws_network_acl_rule.outpost_inbound",
            "module.vpc.aws_network_acl_rule.outpost_outbound",
            "module.vpc.aws_network_acl_rule.private_inbound",
            "module.vpc.aws_network_acl_rule.private_outbound",
            "module.vpc.aws_network_acl_rule.public_inbound",
            "module.vpc.aws_network_acl_rule.public_outbound",
            "module.vpc.aws_network_acl_rule.redshift_inbound",
            "module.vpc.aws_network_acl_rule.redshift_outbound",
            "module.vpc.aws_redshift_subnet_group.redshift",
            "module.vpc.aws_route.database_internet_gateway",
            "module.vpc.aws_route.database_ipv6_egress",
            "module.vpc.aws_route.database_nat_gateway",
            "module.vpc.aws_route.private_ipv6_egress",
            "module.vpc.aws_route.private_nat_gateway",
            "module.vpc.aws_route.public_internet_gateway",
            "module.vpc.aws_route.public_internet_gateway_ipv6",
            "module.vpc.aws_route_table.database",
            "module.vpc.aws_route_table.elasticache",
            "module.vpc.aws_route_table.intra",
            "module.vpc.aws_route_table.private",
            "module.vpc.aws_route_table.public",
            "module.vpc.aws_route_table.redshift",
            "module.vpc.aws_route_table_association.database",
            "module.vpc.aws_route_table_association.elasticache",
            "module.vpc.aws_route_table_association.intra",
            "module.vpc.aws_route_table_association.outpost",
            "module.vpc.aws_route_table_association.private",
            "module.vpc.aws_route_table_association.public",
            "module.vpc.aws_route_table_association.redshift",
            "module.vpc.aws_route_table_association.redshift_public",
            "module.vpc.aws_subnet.database",
            "module.vpc.aws_subnet.elasticache",
            "module.vpc.aws_subnet.intra",
            "module.vpc.aws_subnet.outpost",
            "module.vpc.aws_subnet.private",
            "module.vpc.aws_subnet.public",
            "module.vpc.aws_subnet.redshift",
            "module.vpc.aws_vpc.this",
            "module.vpc.aws_vpc_dhcp_options.this",
            "module.vpc.aws_vpc_dhcp_options_association.this",
            "module.vpc.aws_vpc_ipv4_cidr_block_association.this",
            "module.vpc.aws_vpn_gateway.this",
            "module.vpc.aws_vpn_gateway_attachment.this",
            "module.vpc.aws_vpn_gateway_route_propagation.intra",
            "module.vpc.aws_vpn_gateway_route_propagation.private",
            "module.vpc.aws_vpn_gateway_route_propagation.public",
            "module.vpc.data.aws_iam_policy_document.flow_log_cloudwatch_assume_role",
            "module.vpc.data.aws_iam_policy_document.vpc_flow_log_cloudwatch"
          ]
        }
      ]
    },
    {
      "module": "module.aws_rsa_key",
      "mode": "managed",
      "type": "tls_private_key",
      "name": "ssh_key",
      "provider": "provider[\"registry.terraform.io/hashicorp/tls\"]",
      "instances": [
        {
          "schema_version": 0,
          "attributes": {
            "algorithm": "RSA",
            "ecdsa_curve": "P224",
            "id": "fe0af6bda26466f6460eefb6f5ce32dcb61f3a43",
            "private_key_openssh": "-----BEGIN OPENSSH PRIVATE KEY-----\nb3BlbnNzaC1rZXktdjEAAAAABG5vbmUAAAAEbm9uZQAAAAAAAAABAAACFwAAAAdz\nc2gtcnNhAAAAAwEAAQAAAgEA1GiBZ7IMzrMDiZ5xX9uhtAM4vKBEwETCBB5e8S9s\n5wRQN087iCSWcFF7VxxwNcfvGUZyz8t2fJK7rX5gf3AKT5H339tAtIAYKHJI1q/U\nGi3DfVFtyrPiibaAANG5EGDSYnGVKP/o/CAm+0+xjKYbIHCHY4rCKtNw8i3/L37n\nA4KhQpbkANpQhvuHEK5UnY90cB4HOn8s/lomVyVi3a2BbQJNiM1kAgbvFaWe2+Be\ns0zbpzL1W32XlIHzV+jwVCo9JGBjrq2YnoXPaHtTOGxa6timzZafyOhXDnRcQQz9\nwZXzaC+JT3q7GTv0G591I4wz09x5O7lSgFA9LZRUgLtizORQed99KehyCO7bCGmS\nyAFAjwdzH11EE7UbDFqPQR0MErQXkscXTX5Xx2KmrQw7d9hoTz6TwgqgKcyRf1xz\nINH7y7QCUitAWKjAhDo1oed9xmvVSsWy1NzIge5hNZXcpkOpIO0ZCerD5oDi5uE6\nDOs4LtsK9D9iSl/NzshRqRQyXMiQs/rqo9j/9KvKLXXT/eJkSH1MC1kqGxP2hctq\nZ4M19IYesne8+ECG1p186xYg82FmLSaxhTUqgyQh5eaI5Dc165HfLJ+atOfi0qnt\n3LsIGxsX2ok9FVau37ggMpZPHe7eDk3J9G731AtCfhdHkZ0+jTiFWNNzrAWve7cG\nViMAAAc4x0+LUcdPi1EAAAAHc3NoLXJzYQAAAgEA1GiBZ7IMzrMDiZ5xX9uhtAM4\nvKBEwETCBB5e8S9s5wRQN087iCSWcFF7VxxwNcfvGUZyz8t2fJK7rX5gf3AKT5H3\n39tAtIAYKHJI1q/UGi3DfVFtyrPiibaAANG5EGDSYnGVKP/o/CAm+0+xjKYbIHCH\nY4rCKtNw8i3/L37nA4KhQpbkANpQhvuHEK5UnY90cB4HOn8s/lomVyVi3a2BbQJN\niM1kAgbvFaWe2+Bes0zbpzL1W32XlIHzV+jwVCo9JGBjrq2YnoXPaHtTOGxa6tim\nzZafyOhXDnRcQQz9wZXzaC+JT3q7GTv0G591I4wz09x5O7lSgFA9LZRUgLtizORQ\ned99KehyCO7bCGmSyAFAjwdzH11EE7UbDFqPQR0MErQXkscXTX5Xx2KmrQw7d9ho\nTz6TwgqgKcyRf1xzINH7y7QCUitAWKjAhDo1oed9xmvVSsWy1NzIge5hNZXcpkOp\nIO0ZCerD5oDi5uE6DOs4LtsK9D9iSl/NzshRqRQyXMiQs/rqo9j/9KvKLXXT/eJk\nSH1MC1kqGxP2hctqZ4M19IYesne8+ECG1p186xYg82FmLSaxhTUqgyQh5eaI5Dc1\n65HfLJ+atOfi0qnt3LsIGxsX2ok9FVau37ggMpZPHe7eDk3J9G731AtCfhdHkZ0+\njTiFWNNzrAWve7cGViMAAAADAQABAAACAQDRlqkRw/ulPbig46mlV5fQg1lJrq8I\nNRBodfti61P/BB+O4+yvIsMa4xvcUeBbAQRpoT0K0w4AT91GjSv0s35JE5RN3A+V\ny8uKpXI//NFCX6PFFUNLv4IqNt1Jcae1hIQzxTXUdefUWHl+gx2D1idwM/kz/Kgp\nD+gj38UsfYC/0vcCONeUC9dnyet1Rz+RFQtk0gx56SFhfVzVortSV7Ec+ie9dEVZ\nRrRFXN5KwbNQIueerMaz11JppGyUcvIpamBYc5AIvZyZ1xlYVFBCnZB8qPi2ZgkW\nekPkrGaXfZUqnqbGSBmqRkU12hW95/Ly95XwWF171BqXKBWl0vYq7DvIeSqgrLtN\ndZzeJb0/ab8x/+8Tm8PY27NGWC3R24U7d9MLhu1om2BCxWXbX4M0IPYVdqrI0nr3\nWQoj1LZO7oCEwiy9TkFyh4mpspqGp4w4RUL93lWTZa2YBONbYJi68Ndd8NDa3BbO\nzlVJyiBdQK/6GrLTy4hwiKhIlHKXc955t52AdomLGuTz50Bi+K5ywxmqkRjJHjQT\n+WOhYlkgPWfyjaG3lTmdb0CT+Sn9gx2xJuLkE1qq0ip5Plkjv7gZuTkfG2UiGH7N\nj8wCqLWPxQQEtWgL/8Jbw5CUBcBWdx74rR+VUKFPycVGgJSU84x2XdIIjzI9k9JV\nDeHZ3jhNyWFL8QAAAQBCL9DvDNDWAMH93ng+rwyRb5QI5yyhTA2WCgrdmipChoo/\n/3kGSRFOTj8SGdsojg3eSHH4cH5K5o/brfSbUxZp+hC/b1ruu6EYAQiUKo8GUzmH\n/QH99CvdZP+I/dn/BH5vPNmjq/XEs17vTSqTnxiNimLrWgi9d6826Wm2hbwtOTph\nTc+RS1D3NfnSLBTzDjiWzmL9LmCbN1aqO+vtlYpn5TN+6iFXEisvH4amtu1PFWsE\nphw5amQjiDgYD8+DIfXjXLzA9h/80yQxgbarbBBLReI0R4cofjjTqrKPQl16hq0F\nWDexbRqoH38pGP9DBqiXy0SXGMLTrQwvNhObzG2+AAABAQD93RhhzbXDULBXJqnJ\nGex/2JtqJ1vG2OqqCFO1VaMiLVQMpFTbClU58TFHaCeMzgI+/ypExyWa4hcRYaoS\nDLIZ4xDwThbdFjQPqCbl7JciNEvdOYnF8O+2GLqncKeUXzaPjdSKfiFKsTG4mSnj\nU6pNm/uMD1Kc9+kGmGYCxiz7fe6jqocr//lwnl8JM2NNmixeOVeek4s2qXksMNlF\nKTvD2wX5691+psNl6cT4zR2esU0dsJpsX5VB0JzJw1ph6SFB17PPUF88NL9Kur06\nYviwZF3720UGjgvlhI21EqoUqifFYDx/MqMm8DmoZtwaxdSA1iSDpSQe5/rKOtoP\nslMLAAABAQDWMhoO2DlZoj5hHavs3pURK+QyHXrZ91HF4Ku1+mVis7EoqvB0TJof\nKY0meQ+R9CJVAbJUXT+Vi+mWrMCwqRvK6BUmhu/DwRzVeRhtUibgNZr3S6xusHdK\nRzgU55oT5ZyMJdyRFwkVG+TZCGzn/syzCgKRKxCU7suZJUYZYymisqH2w4+rD+X/\ndSDAwsoSY0KGAtiNLoSSF9NcrP8rQxtcJeZQTlOlNnsvnaXu9LUZI4LZPm4eNrwz\n3oZ0/Q4ktldGUMGSvZYkQxG42d93xQesKklxwloQ+bVUUATDXuz/rINbkjCJEUDs\nplOlmceHqrjZtzh2CwIfoUnKPysqbvhJAAAAAAEC\n-----END OPENSSH PRIVATE KEY-----\n",
            "private_key_pem": "-----BEGIN RSA PRIVATE KEY-----\nMIIJKgIBAAKCAgEA1GiBZ7IMzrMDiZ5xX9uhtAM4vKBEwETCBB5e8S9s5wRQN087\niCSWcFF7VxxwNcfvGUZyz8t2fJK7rX5gf3AKT5H339tAtIAYKHJI1q/UGi3DfVFt\nyrPiibaAANG5EGDSYnGVKP/o/CAm+0+xjKYbIHCHY4rCKtNw8i3/L37nA4KhQpbk\nANpQhvuHEK5UnY90cB4HOn8s/lomVyVi3a2BbQJNiM1kAgbvFaWe2+Bes0zbpzL1\nW32XlIHzV+jwVCo9JGBjrq2YnoXPaHtTOGxa6timzZafyOhXDnRcQQz9wZXzaC+J\nT3q7GTv0G591I4wz09x5O7lSgFA9LZRUgLtizORQed99KehyCO7bCGmSyAFAjwdz\nH11EE7UbDFqPQR0MErQXkscXTX5Xx2KmrQw7d9hoTz6TwgqgKcyRf1xzINH7y7QC\nUitAWKjAhDo1oed9xmvVSsWy1NzIge5hNZXcpkOpIO0ZCerD5oDi5uE6DOs4LtsK\n9D9iSl/NzshRqRQyXMiQs/rqo9j/9KvKLXXT/eJkSH1MC1kqGxP2hctqZ4M19IYe\nsne8+ECG1p186xYg82FmLSaxhTUqgyQh5eaI5Dc165HfLJ+atOfi0qnt3LsIGxsX\n2ok9FVau37ggMpZPHe7eDk3J9G731AtCfhdHkZ0+jTiFWNNzrAWve7cGViMCAwEA\nAQKCAgEA0ZapEcP7pT24oOOppVeX0INZSa6vCDUQaHX7YutT/wQfjuPsryLDGuMb\n3FHgWwEEaaE9CtMOAE/dRo0r9LN+SROUTdwPlcvLiqVyP/zRQl+jxRVDS7+CKjbd\nSXGntYSEM8U11HXn1Fh5foMdg9YncDP5M/yoKQ/oI9/FLH2Av9L3AjjXlAvXZ8nr\ndUc/kRULZNIMeekhYX1c1aK7UlexHPonvXRFWUa0RVzeSsGzUCLnnqzGs9dSaaRs\nlHLyKWpgWHOQCL2cmdcZWFRQQp2QfKj4tmYJFnpD5Kxml32VKp6mxkgZqkZFNdoV\nvefy8veV8Fhde9QalygVpdL2Kuw7yHkqoKy7TXWc3iW9P2m/Mf/vE5vD2NuzRlgt\n0duFO3fTC4btaJtgQsVl21+DNCD2FXaqyNJ691kKI9S2Tu6AhMIsvU5BcoeJqbKa\nhqeMOEVC/d5Vk2WtmATjW2CYuvDXXfDQ2twWzs5VScogXUCv+hqy08uIcIioSJRy\nl3PeebedgHaJixrk8+dAYviucsMZqpEYyR40E/ljoWJZID1n8o2ht5U5nW9Ak/kp\n/YMdsSbi5BNaqtIqeT5ZI7+4Gbk5HxtlIhh+zY/MAqi1j8UEBLVoC//CW8OQlAXA\nVnce+K0flVChT8nFRoCUlPOMdl3SCI8yPZPSVQ3h2d44TclhS/ECggEBAP3dGGHN\ntcNQsFcmqckZ7H/Ym2onW8bY6qoIU7VVoyItVAykVNsKVTnxMUdoJ4zOAj7/KkTH\nJZriFxFhqhIMshnjEPBOFt0WNA+oJuXslyI0S905icXw77YYuqdwp5RfNo+N1Ip+\nIUqxMbiZKeNTqk2b+4wPUpz36QaYZgLGLPt97qOqhyv/+XCeXwkzY02aLF45V56T\nizapeSww2UUpO8PbBfnr3X6mw2XpxPjNHZ6xTR2wmmxflUHQnMnDWmHpIUHXs89Q\nXzw0v0q6vTpi+LBkXfvbRQaOC+WEjbUSqhSqJ8VgPH8yoybwOahm3BrF1IDWJIOl\nJB7n+so62g+yUwsCggEBANYyGg7YOVmiPmEdq+zelREr5DIdetn3UcXgq7X6ZWKz\nsSiq8HRMmh8pjSZ5D5H0IlUBslRdP5WL6ZaswLCpG8roFSaG78PBHNV5GG1SJuA1\nmvdLrG6wd0pHOBTnmhPlnIwl3JEXCRUb5NkIbOf+zLMKApErEJTuy5klRhljKaKy\nofbDj6sP5f91IMDCyhJjQoYC2I0uhJIX01ys/ytDG1wl5lBOU6U2ey+dpe70tRkj\ngtk+bh42vDPehnT9DiS2V0ZQwZK9liRDEbjZ33fFB6wqSXHCWhD5tVRQBMNe7P+s\ng1uSMIkRQOymU6WZx4equNm3OHYLAh+hSco/Kypu+EkCggEBAK8VIC674CLvcF76\n5Fg0z94wdqdUs8BFdDqGeazzfgohNvltELTswHCwvurfk39RyUzHUNCUhIP4cC5l\nrBS8usyNxO3m/W/HU2qE7ybd8DH/3V6aw0FH9RsinQDD+l+i9w80oyRM7wsDgCYv\nRCtrVWYnMOqc2r41YHpS+u/o27crWD16a7VV2iPopeTDkzY/IWBurdZJLdcqNM7c\ndcx0LqraUJnYKS+jNdoAyv9I/6el4mialzYtCdSVWrzwRVKHpY8yg+l0Jepw+olA\nlydAgQGuhv8fb9CggOXvcIg0cibEX5+Jys9zDgDZ5voUzrKMRA4DIrXEXFAQb++v\nfRscQpcCggEBAJqrex2VDXSoL5s5LdjRsZrAsvttRjT23lmhLt0tfuCTGS5goVmZ\npwExo/dQG+os/E2d+APrgeqfKYHgJRRsSOFwTTWQ4rncTNHpq7XlSKVGkCxavJ0B\nWGKOovSVeTE88JpTDL7If4p6pfoCl4G/AFmYtNnW2xZwiRyBSekzLfGKRGJIPQot\nZMve7FPFVN2KR5M1ouHv4VMNWVbmpSu8PZmA1JrQtJ3shW+Qyy2ODuekOOxepG20\n4Joj6bu4r+nasZLY5a7sr+pnc/ijezalVDECKB65VQhFCKdlUMszVLga/o+1NM8F\nYniAco52SRqyMOEl6ON0d4gXk40zqBvwHeECggEAQi/Q7wzQ1gDB/d54Pq8MkW+U\nCOcsoUwNlgoK3ZoqQoaKP/95BkkRTk4/EhnbKI4N3khx+HB+SuaP2630m1MWafoQ\nv29a7ruhGAEIlCqPBlM5h/0B/fQr3WT/iP3Z/wR+bzzZo6v1xLNe700qk58YjYpi\n61oIvXevNulptoW8LTk6YU3PkUtQ9zX50iwU8w44ls5i/S5gmzdWqjvr7ZWKZ+Uz\nfuohVxIrLx+GprbtTxVrBKYcOWpkI4g4GA/PgyH141y8wPYf/NMkMYG2q2wQS0Xi\nNEeHKH4406qyj0JdeoatBVg3sW0aqB9/KRj/Qwaol8tElxjC060MLzYTm8xtvg==\n-----END RSA PRIVATE KEY-----\n",
            "public_key_fingerprint_md5": "b5:a2:a3:5c:e9:e0:11:3a:45:df:7a:8e:72:f6:82:f6",
            "public_key_fingerprint_sha256": "SHA256:4AqmJVp9/YT8PSVoUcxosbDtE2UMvAosic8O+ek4+CQ",
            "public_key_openssh": "ssh-rsa AAAAB3NzaC1yc2EAAAADAQABAAACAQDUaIFnsgzOswOJnnFf26G0Azi8oETARMIEHl7xL2znBFA3TzuIJJZwUXtXHHA1x+8ZRnLPy3Z8krutfmB/cApPkfff20C0gBgockjWr9QaLcN9UW3Ks+KJtoAA0bkQYNJicZUo/+j8ICb7T7GMphsgcIdjisIq03DyLf8vfucDgqFCluQA2lCG+4cQrlSdj3RwHgc6fyz+WiZXJWLdrYFtAk2IzWQCBu8VpZ7b4F6zTNunMvVbfZeUgfNX6PBUKj0kYGOurZiehc9oe1M4bFrq2KbNlp/I6FcOdFxBDP3BlfNoL4lPersZO/Qbn3UjjDPT3Hk7uVKAUD0tlFSAu2LM5FB5330p6HII7tsIaZLIAUCPB3MfXUQTtRsMWo9BHQwStBeSxxdNflfHYqatDDt32GhPPpPCCqApzJF/XHMg0fvLtAJSK0BYqMCEOjWh533Ga9VKxbLU3MiB7mE1ldymQ6kg7RkJ6sPmgOLm4ToM6zgu2wr0P2JKX83OyFGpFDJcyJCz+uqj2P/0q8otddP94mRIfUwLWSobE/aFy2pngzX0hh6yd7z4QIbWnXzrFiDzYWYtJrGFNSqDJCHl5ojkNzXrkd8sn5q05+LSqe3cuwgbGxfaiT0VVq7fuCAylk8d7t4OTcn0bvfUC0J+F0eRnT6NOIVY03OsBa97twZWIw==\n",
            "public_key_pem": "-----BEGIN PUBLIC KEY-----\nMIICIjANBgkqhkiG9w0BAQEFAAOCAg8AMIICCgKCAgEA1GiBZ7IMzrMDiZ5xX9uh\ntAM4vKBEwETCBB5e8S9s5wRQN087iCSWcFF7VxxwNcfvGUZyz8t2fJK7rX5gf3AK\nT5H339tAtIAYKHJI1q/UGi3DfVFtyrPiibaAANG5EGDSYnGVKP/o/CAm+0+xjKYb\nIHCHY4rCKtNw8i3/L37nA4KhQpbkANpQhvuHEK5UnY90cB4HOn8s/lomVyVi3a2B\nbQJNiM1kAgbvFaWe2+Bes0zbpzL1W32XlIHzV+jwVCo9JGBjrq2YnoXPaHtTOGxa\n6timzZafyOhXDnRcQQz9wZXzaC+JT3q7GTv0G591I4wz09x5O7lSgFA9LZRUgLti\nzORQed99KehyCO7bCGmSyAFAjwdzH11EE7UbDFqPQR0MErQXkscXTX5Xx2KmrQw7\nd9hoTz6TwgqgKcyRf1xzINH7y7QCUitAWKjAhDo1oed9xmvVSsWy1NzIge5hNZXc\npkOpIO0ZCerD5oDi5uE6DOs4LtsK9D9iSl/NzshRqRQyXMiQs/rqo9j/9KvKLXXT\n/eJkSH1MC1kqGxP2hctqZ4M19IYesne8+ECG1p186xYg82FmLSaxhTUqgyQh5eaI\n5Dc165HfLJ+atOfi0qnt3LsIGxsX2ok9FVau37ggMpZPHe7eDk3J9G731AtCfhdH\nkZ0+jTiFWNNzrAWve7cGViMCAwEAAQ==\n-----END PUBLIC KEY-----\n",
            "rsa_bits": 4096
          },
          "sensitive_attributes": [],
          "private": "bnVsbA==",
          "dependencies": [
            "module.vpc.aws_cloudwatch_log_group.flow_log",
            "module.vpc.aws_customer_gateway.this",
            "module.vpc.aws_db_subnet_group.database",
            "module.vpc.aws_default_network_acl.this",
            "module.vpc.aws_default_route_table.default",
            "module.vpc.aws_default_security_group.this",
            "module.vpc.aws_default_vpc.this",
            "module.vpc.aws_egress_only_internet_gateway.this",
            "module.vpc.aws_eip.nat",
            "module.vpc.aws_elasticache_subnet_group.elasticache",
            "module.vpc.aws_flow_log.this",
            "module.vpc.aws_iam_policy.vpc_flow_log_cloudwatch",
            "module.vpc.aws_iam_role.vpc_flow_log_cloudwatch",
            "module.vpc.aws_iam_role_policy_attachment.vpc_flow_log_cloudwatch",
            "module.vpc.aws_internet_gateway.this",
            "module.vpc.aws_nat_gateway.this",
            "module.vpc.aws_network_acl.database",
            "module.vpc.aws_network_acl.elasticache",
            "module.vpc.aws_network_acl.intra",
            "module.vpc.aws_network_acl.outpost",
            "module.vpc.aws_network_acl.private",
            "module.vpc.aws_network_acl.public",
            "module.vpc.aws_network_acl.redshift",
            "module.vpc.aws_network_acl_rule.database_inbound",
            "module.vpc.aws_network_acl_rule.database_outbound",
            "module.vpc.aws_network_acl_rule.elasticache_inbound",
            "module.vpc.aws_network_acl_rule.elasticache_outbound",
            "module.vpc.aws_network_acl_rule.intra_inbound",
            "module.vpc.aws_network_acl_rule.intra_outbound",
            "module.vpc.aws_network_acl_rule.outpost_inbound",
            "module.vpc.aws_network_acl_rule.outpost_outbound",
            "module.vpc.aws_network_acl_rule.private_inbound",
            "module.vpc.aws_network_acl_rule.private_outbound",
            "module.vpc.aws_network_acl_rule.public_inbound",
            "module.vpc.aws_network_acl_rule.public_outbound",
            "module.vpc.aws_network_acl_rule.redshift_inbound",
            "module.vpc.aws_network_acl_rule.redshift_outbound",
            "module.vpc.aws_redshift_subnet_group.redshift",
            "module.vpc.aws_route.database_internet_gateway",
            "module.vpc.aws_route.database_ipv6_egress",
            "module.vpc.aws_route.database_nat_gateway",
            "module.vpc.aws_route.private_ipv6_egress",
            "module.vpc.aws_route.private_nat_gateway",
            "module.vpc.aws_route.public_internet_gateway",
            "module.vpc.aws_route.public_internet_gateway_ipv6",
            "module.vpc.aws_route_table.database",
            "module.vpc.aws_route_table.elasticache",
            "module.vpc.aws_route_table.intra",
            "module.vpc.aws_route_table.private",
            "module.vpc.aws_route_table.public",
            "module.vpc.aws_route_table.redshift",
            "module.vpc.aws_route_table_association.database",
            "module.vpc.aws_route_table_association.elasticache",
            "module.vpc.aws_route_table_association.intra",
            "module.vpc.aws_route_table_association.outpost",
            "module.vpc.aws_route_table_association.private",
            "module.vpc.aws_route_table_association.public",
            "module.vpc.aws_route_table_association.redshift",
            "module.vpc.aws_route_table_association.redshift_public",
            "module.vpc.aws_subnet.database",
            "module.vpc.aws_subnet.elasticache",
            "module.vpc.aws_subnet.intra",
            "module.vpc.aws_subnet.outpost",
            "module.vpc.aws_subnet.private",
            "module.vpc.aws_subnet.public",
            "module.vpc.aws_subnet.redshift",
            "module.vpc.aws_vpc.this",
            "module.vpc.aws_vpc_dhcp_options.this",
            "module.vpc.aws_vpc_dhcp_options_association.this",
            "module.vpc.aws_vpc_ipv4_cidr_block_association.this",
            "module.vpc.aws_vpn_gateway.this",
            "module.vpc.aws_vpn_gateway_attachment.this",
            "module.vpc.aws_vpn_gateway_route_propagation.intra",
            "module.vpc.aws_vpn_gateway_route_propagation.private",
            "module.vpc.aws_vpn_gateway_route_propagation.public",
            "module.vpc.data.aws_iam_policy_document.flow_log_cloudwatch_assume_role",
            "module.vpc.data.aws_iam_policy_document.vpc_flow_log_cloudwatch"
          ]
        }
      ]
    },
    {
      "module": "module.vpc",
      "mode": "managed",
      "type": "aws_eip",
      "name": "nat",
      "provider": "provider[\"registry.terraform.io/hashicorp/aws\"]",
      "instances": [
        {
          "index_key": 0,
          "schema_version": 0,
          "attributes": {
            "address": null,
            "allocation_id": "eipalloc-0dd4ef9daf2b76a38",
            "associate_with_private_ip": null,
            "association_id": "eipassoc-0ab2015edebdca44e",
            "carrier_ip": "",
            "customer_owned_ip": "",
            "customer_owned_ipv4_pool": "",
            "domain": "vpc",
            "id": "eipalloc-0dd4ef9daf2b76a38",
            "instance": "",
            "network_border_group": "us-east-1",
            "network_interface": "eni-00dd84bb89bb5e4ff",
            "private_dns": "ip-172-23-7-42.ec2.internal",
            "private_ip": "172.23.7.42",
            "public_dns": "ec2-44-209-6-141.compute-1.amazonaws.com",
            "public_ip": "44.209.6.141",
            "public_ipv4_pool": "amazon",
            "tags": {
              "Name": "VPC-us-east-1a"
            },
            "tags_all": {
              "Name": "VPC-us-east-1a"
            },
            "timeouts": null,
            "vpc": true
          },
          "sensitive_attributes": [],
          "private": "eyJlMmJmYjczMC1lY2FhLTExZTYtOGY4OC0zNDM2M2JjN2M0YzAiOnsiZGVsZXRlIjoxODAwMDAwMDAwMDAsInJlYWQiOjkwMDAwMDAwMDAwMCwidXBkYXRlIjozMDAwMDAwMDAwMDB9fQ=="
        }
      ]
    },
    {
      "module": "module.vpc",
      "mode": "managed",
      "type": "aws_internet_gateway",
      "name": "this",
      "provider": "provider[\"registry.terraform.io/hashicorp/aws\"]",
      "instances": [
        {
          "index_key": 0,
          "schema_version": 0,
          "attributes": {
            "arn": "arn:aws:ec2:us-east-1:201385125754:internet-gateway/igw-0bbd05323f34e6692",
            "id": "igw-0bbd05323f34e6692",
            "owner_id": "201385125754",
            "tags": {
              "Name": "VPC"
            },
            "tags_all": {
              "Name": "VPC"
            },
            "vpc_id": "vpc-041c6f29540ce3a09"
          },
          "sensitive_attributes": [],
          "private": "bnVsbA==",
          "dependencies": [
            "module.vpc.aws_vpc.this",
            "module.vpc.aws_vpc_ipv4_cidr_block_association.this"
          ]
        }
      ]
    },
    {
      "module": "module.vpc",
      "mode": "managed",
      "type": "aws_nat_gateway",
      "name": "this",
      "provider": "provider[\"registry.terraform.io/hashicorp/aws\"]",
      "instances": [
        {
          "index_key": 0,
          "schema_version": 0,
          "attributes": {
            "allocation_id": "eipalloc-0dd4ef9daf2b76a38",
            "connectivity_type": "public",
            "id": "nat-0ff8ee159fd3b71ef",
            "network_interface_id": "eni-00dd84bb89bb5e4ff",
            "private_ip": "172.23.7.42",
            "public_ip": "44.209.6.141",
            "subnet_id": "subnet-03ea91a934cb7efad",
            "tags": {
              "Name": "caldera-test_natgateway"
            },
            "tags_all": {
              "Name": "caldera-test_natgateway"
            }
          },
          "sensitive_attributes": [],
          "private": "bnVsbA==",
          "dependencies": [
            "module.vpc.aws_eip.nat",
            "module.vpc.aws_internet_gateway.this",
            "module.vpc.aws_subnet.public",
            "module.vpc.aws_vpc.this",
            "module.vpc.aws_vpc_ipv4_cidr_block_association.this"
          ]
        }
      ]
    },
    {
      "module": "module.vpc",
      "mode": "managed",
      "type": "aws_route",
      "name": "private_nat_gateway",
      "provider": "provider[\"registry.terraform.io/hashicorp/aws\"]",
      "instances": [
        {
          "index_key": 0,
          "schema_version": 0,
          "attributes": {
            "carrier_gateway_id": "",
            "core_network_arn": "",
            "destination_cidr_block": "0.0.0.0/0",
            "destination_ipv6_cidr_block": "",
            "destination_prefix_list_id": "",
            "egress_only_gateway_id": "",
            "gateway_id": "",
            "id": "r-rtb-0218f3f5cf6bee7e71080289494",
            "instance_id": "",
            "instance_owner_id": "",
            "local_gateway_id": "",
            "nat_gateway_id": "nat-0ff8ee159fd3b71ef",
            "network_interface_id": "",
            "origin": "CreateRoute",
            "route_table_id": "rtb-0218f3f5cf6bee7e7",
            "state": "active",
            "timeouts": {
              "create": "5m",
              "delete": null,
              "update": null
            },
            "transit_gateway_id": "",
            "vpc_endpoint_id": "",
            "vpc_peering_connection_id": ""
          },
          "sensitive_attributes": [],
          "private": "eyJlMmJmYjczMC1lY2FhLTExZTYtOGY4OC0zNDM2M2JjN2M0YzAiOnsiY3JlYXRlIjozMDAwMDAwMDAwMDAsImRlbGV0ZSI6MzAwMDAwMDAwMDAwLCJ1cGRhdGUiOjEyMDAwMDAwMDAwMH19",
          "dependencies": [
            "module.vpc.aws_eip.nat",
            "module.vpc.aws_internet_gateway.this",
            "module.vpc.aws_nat_gateway.this",
            "module.vpc.aws_route_table.private",
            "module.vpc.aws_subnet.public",
            "module.vpc.aws_vpc.this",
            "module.vpc.aws_vpc_ipv4_cidr_block_association.this"
          ]
        }
      ]
    },
    {
      "module": "module.vpc",
      "mode": "managed",
      "type": "aws_route",
      "name": "public_internet_gateway",
      "provider": "provider[\"registry.terraform.io/hashicorp/aws\"]",
      "instances": [
        {
          "index_key": 0,
          "schema_version": 0,
          "attributes": {
            "carrier_gateway_id": "",
            "core_network_arn": "",
            "destination_cidr_block": "0.0.0.0/0",
            "destination_ipv6_cidr_block": "",
            "destination_prefix_list_id": "",
            "egress_only_gateway_id": "",
            "gateway_id": "igw-0bbd05323f34e6692",
            "id": "r-rtb-0e8ed40190b48bd531080289494",
            "instance_id": "",
            "instance_owner_id": "",
            "local_gateway_id": "",
            "nat_gateway_id": "",
            "network_interface_id": "",
            "origin": "CreateRoute",
            "route_table_id": "rtb-0e8ed40190b48bd53",
            "state": "active",
            "timeouts": {
              "create": "5m",
              "delete": null,
              "update": null
            },
            "transit_gateway_id": "",
            "vpc_endpoint_id": "",
            "vpc_peering_connection_id": ""
          },
          "sensitive_attributes": [],
          "private": "eyJlMmJmYjczMC1lY2FhLTExZTYtOGY4OC0zNDM2M2JjN2M0YzAiOnsiY3JlYXRlIjozMDAwMDAwMDAwMDAsImRlbGV0ZSI6MzAwMDAwMDAwMDAwLCJ1cGRhdGUiOjEyMDAwMDAwMDAwMH19",
          "dependencies": [
            "module.vpc.aws_internet_gateway.this",
            "module.vpc.aws_route_table.public",
            "module.vpc.aws_vpc.this",
            "module.vpc.aws_vpc_ipv4_cidr_block_association.this"
          ]
        }
      ]
    },
    {
      "module": "module.vpc",
      "mode": "managed",
      "type": "aws_route_table",
      "name": "private",
      "provider": "provider[\"registry.terraform.io/hashicorp/aws\"]",
      "instances": [
        {
          "index_key": 0,
          "schema_version": 0,
          "attributes": {
            "arn": "arn:aws:ec2:us-east-1:201385125754:route-table/rtb-0218f3f5cf6bee7e7",
            "id": "rtb-0218f3f5cf6bee7e7",
            "owner_id": "201385125754",
            "propagating_vgws": [],
            "route": [
              {
                "carrier_gateway_id": "",
                "cidr_block": "0.0.0.0/0",
                "core_network_arn": "",
                "destination_prefix_list_id": "",
                "egress_only_gateway_id": "",
                "gateway_id": "",
                "instance_id": "",
                "ipv6_cidr_block": "",
                "local_gateway_id": "",
                "nat_gateway_id": "nat-0ff8ee159fd3b71ef",
                "network_interface_id": "",
                "transit_gateway_id": "",
                "vpc_endpoint_id": "",
                "vpc_peering_connection_id": ""
              }
            ],
            "tags": {
              "Name": "VPC-private"
            },
            "tags_all": {
              "Name": "VPC-private"
            },
            "timeouts": null,
            "vpc_id": "vpc-041c6f29540ce3a09"
          },
          "sensitive_attributes": [],
          "private": "eyJlMmJmYjczMC1lY2FhLTExZTYtOGY4OC0zNDM2M2JjN2M0YzAiOnsiY3JlYXRlIjozMDAwMDAwMDAwMDAsImRlbGV0ZSI6MzAwMDAwMDAwMDAwLCJ1cGRhdGUiOjEyMDAwMDAwMDAwMH19",
          "dependencies": [
            "module.vpc.aws_vpc.this",
            "module.vpc.aws_vpc_ipv4_cidr_block_association.this"
          ]
        }
      ]
    },
    {
      "module": "module.vpc",
      "mode": "managed",
      "type": "aws_route_table",
      "name": "public",
      "provider": "provider[\"registry.terraform.io/hashicorp/aws\"]",
      "instances": [
        {
          "index_key": 0,
          "schema_version": 0,
          "attributes": {
            "arn": "arn:aws:ec2:us-east-1:201385125754:route-table/rtb-0e8ed40190b48bd53",
            "id": "rtb-0e8ed40190b48bd53",
            "owner_id": "201385125754",
            "propagating_vgws": [],
            "route": [
              {
                "carrier_gateway_id": "",
                "cidr_block": "0.0.0.0/0",
                "core_network_arn": "",
                "destination_prefix_list_id": "",
                "egress_only_gateway_id": "",
                "gateway_id": "igw-0bbd05323f34e6692",
                "instance_id": "",
                "ipv6_cidr_block": "",
                "local_gateway_id": "",
                "nat_gateway_id": "",
                "network_interface_id": "",
                "transit_gateway_id": "",
                "vpc_endpoint_id": "",
                "vpc_peering_connection_id": ""
              }
            ],
            "tags": {
              "Name": "VPC-public"
            },
            "tags_all": {
              "Name": "VPC-public"
            },
            "timeouts": null,
            "vpc_id": "vpc-041c6f29540ce3a09"
          },
          "sensitive_attributes": [],
          "private": "eyJlMmJmYjczMC1lY2FhLTExZTYtOGY4OC0zNDM2M2JjN2M0YzAiOnsiY3JlYXRlIjozMDAwMDAwMDAwMDAsImRlbGV0ZSI6MzAwMDAwMDAwMDAwLCJ1cGRhdGUiOjEyMDAwMDAwMDAwMH19",
          "dependencies": [
            "module.vpc.aws_vpc.this",
            "module.vpc.aws_vpc_ipv4_cidr_block_association.this"
          ]
        }
      ]
    },
    {
      "module": "module.vpc",
      "mode": "managed",
      "type": "aws_route_table_association",
      "name": "private",
      "provider": "provider[\"registry.terraform.io/hashicorp/aws\"]",
      "instances": [
        {
          "index_key": 0,
          "schema_version": 0,
          "attributes": {
            "gateway_id": "",
            "id": "rtbassoc-085ed2bc7186ae55e",
            "route_table_id": "rtb-0218f3f5cf6bee7e7",
            "subnet_id": "subnet-0c575f090417020fb"
          },
          "sensitive_attributes": [],
          "private": "bnVsbA==",
          "dependencies": [
            "module.vpc.aws_route_table.private",
            "module.vpc.aws_subnet.private",
            "module.vpc.aws_vpc.this",
            "module.vpc.aws_vpc_ipv4_cidr_block_association.this"
          ]
        },
        {
          "index_key": 1,
          "schema_version": 0,
          "attributes": {
            "gateway_id": "",
            "id": "rtbassoc-0ce69129f714b9b3a",
            "route_table_id": "rtb-0218f3f5cf6bee7e7",
            "subnet_id": "subnet-083d8a49ae653538a"
          },
          "sensitive_attributes": [],
          "private": "bnVsbA==",
          "dependencies": [
            "module.vpc.aws_route_table.private",
            "module.vpc.aws_subnet.private",
            "module.vpc.aws_vpc.this",
            "module.vpc.aws_vpc_ipv4_cidr_block_association.this"
          ]
        },
        {
          "index_key": 2,
          "schema_version": 0,
          "attributes": {
            "gateway_id": "",
            "id": "rtbassoc-092113043e0d9b807",
            "route_table_id": "rtb-0218f3f5cf6bee7e7",
            "subnet_id": "subnet-05ff698c227b19fac"
          },
          "sensitive_attributes": [],
          "private": "bnVsbA==",
          "dependencies": [
            "module.vpc.aws_route_table.private",
            "module.vpc.aws_subnet.private",
            "module.vpc.aws_vpc.this",
            "module.vpc.aws_vpc_ipv4_cidr_block_association.this"
          ]
        },
        {
          "index_key": 3,
          "schema_version": 0,
          "attributes": {
            "gateway_id": "",
            "id": "rtbassoc-09a154622d3ed7ea6",
            "route_table_id": "rtb-0218f3f5cf6bee7e7",
            "subnet_id": "subnet-0196cd55be6904b30"
          },
          "sensitive_attributes": [],
          "private": "bnVsbA==",
          "dependencies": [
            "module.vpc.aws_route_table.private",
            "module.vpc.aws_subnet.private",
            "module.vpc.aws_vpc.this",
            "module.vpc.aws_vpc_ipv4_cidr_block_association.this"
          ]
        },
        {
          "index_key": 4,
          "schema_version": 0,
          "attributes": {
            "gateway_id": "",
            "id": "rtbassoc-0facca9f4b36af4db",
            "route_table_id": "rtb-0218f3f5cf6bee7e7",
            "subnet_id": "subnet-02699fc53bbd3c1f5"
          },
          "sensitive_attributes": [],
          "private": "bnVsbA==",
          "dependencies": [
            "module.vpc.aws_route_table.private",
            "module.vpc.aws_subnet.private",
            "module.vpc.aws_vpc.this",
            "module.vpc.aws_vpc_ipv4_cidr_block_association.this"
          ]
        }
      ]
    },
    {
      "module": "module.vpc",
      "mode": "managed",
      "type": "aws_route_table_association",
      "name": "public",
      "provider": "provider[\"registry.terraform.io/hashicorp/aws\"]",
      "instances": [
        {
          "index_key": 0,
          "schema_version": 0,
          "attributes": {
            "gateway_id": "",
            "id": "rtbassoc-0db698c548313ef6b",
            "route_table_id": "rtb-0e8ed40190b48bd53",
            "subnet_id": "subnet-03ea91a934cb7efad"
          },
          "sensitive_attributes": [],
          "private": "bnVsbA==",
          "dependencies": [
            "module.vpc.aws_route_table.public",
            "module.vpc.aws_subnet.public",
            "module.vpc.aws_vpc.this",
            "module.vpc.aws_vpc_ipv4_cidr_block_association.this"
          ]
        },
        {
          "index_key": 1,
          "schema_version": 0,
          "attributes": {
            "gateway_id": "",
            "id": "rtbassoc-0eeb55d22ff5e3ee5",
            "route_table_id": "rtb-0e8ed40190b48bd53",
            "subnet_id": "subnet-0c6d8d6015a874c39"
          },
          "sensitive_attributes": [],
          "private": "bnVsbA==",
          "dependencies": [
            "module.vpc.aws_route_table.public",
            "module.vpc.aws_subnet.public",
            "module.vpc.aws_vpc.this",
            "module.vpc.aws_vpc_ipv4_cidr_block_association.this"
          ]
        },
        {
          "index_key": 2,
          "schema_version": 0,
          "attributes": {
            "gateway_id": "",
            "id": "rtbassoc-00e9b7a58883e303a",
            "route_table_id": "rtb-0e8ed40190b48bd53",
            "subnet_id": "subnet-01c01b3e076fa0a05"
          },
          "sensitive_attributes": [],
          "private": "bnVsbA==",
          "dependencies": [
            "module.vpc.aws_route_table.public",
            "module.vpc.aws_subnet.public",
            "module.vpc.aws_vpc.this",
            "module.vpc.aws_vpc_ipv4_cidr_block_association.this"
          ]
        },
        {
          "index_key": 3,
          "schema_version": 0,
          "attributes": {
            "gateway_id": "",
            "id": "rtbassoc-02cb00711293aa26c",
            "route_table_id": "rtb-0e8ed40190b48bd53",
            "subnet_id": "subnet-008af5ecc745705fa"
          },
          "sensitive_attributes": [],
          "private": "bnVsbA==",
          "dependencies": [
            "module.vpc.aws_route_table.public",
            "module.vpc.aws_subnet.public",
            "module.vpc.aws_vpc.this",
            "module.vpc.aws_vpc_ipv4_cidr_block_association.this"
          ]
        },
        {
          "index_key": 4,
          "schema_version": 0,
          "attributes": {
            "gateway_id": "",
            "id": "rtbassoc-08f6b0ccf8d4f02b4",
            "route_table_id": "rtb-0e8ed40190b48bd53",
            "subnet_id": "subnet-0fe864d8294bb835d"
          },
          "sensitive_attributes": [],
          "private": "bnVsbA==",
          "dependencies": [
            "module.vpc.aws_route_table.public",
            "module.vpc.aws_subnet.public",
            "module.vpc.aws_vpc.this",
            "module.vpc.aws_vpc_ipv4_cidr_block_association.this"
          ]
        }
      ]
    },
    {
      "module": "module.vpc",
      "mode": "managed",
      "type": "aws_subnet",
      "name": "private",
      "provider": "provider[\"registry.terraform.io/hashicorp/aws\"]",
      "instances": [
        {
          "index_key": 0,
          "schema_version": 1,
          "attributes": {
            "arn": "arn:aws:ec2:us-east-1:201385125754:subnet/subnet-0c575f090417020fb",
            "assign_ipv6_address_on_creation": false,
            "availability_zone": "us-east-1a",
            "availability_zone_id": "use1-az2",
            "cidr_block": "172.23.0.0/22",
            "customer_owned_ipv4_pool": "",
            "enable_dns64": false,
            "enable_resource_name_dns_a_record_on_launch": false,
            "enable_resource_name_dns_aaaa_record_on_launch": false,
            "id": "subnet-0c575f090417020fb",
            "ipv6_cidr_block": "",
            "ipv6_cidr_block_association_id": "",
            "ipv6_native": false,
            "map_customer_owned_ip_on_launch": false,
            "map_public_ip_on_launch": false,
            "outpost_arn": "",
            "owner_id": "201385125754",
            "private_dns_hostname_type_on_launch": "ip-name",
            "tags": {
              "Name": "caldera-test_private"
            },
            "tags_all": {
              "Name": "caldera-test_private"
            },
            "timeouts": null,
            "vpc_id": "vpc-041c6f29540ce3a09"
          },
          "sensitive_attributes": [],
          "private": "eyJlMmJmYjczMC1lY2FhLTExZTYtOGY4OC0zNDM2M2JjN2M0YzAiOnsiY3JlYXRlIjo2MDAwMDAwMDAwMDAsImRlbGV0ZSI6MTIwMDAwMDAwMDAwMH0sInNjaGVtYV92ZXJzaW9uIjoiMSJ9",
          "dependencies": [
            "module.vpc.aws_vpc.this",
            "module.vpc.aws_vpc_ipv4_cidr_block_association.this"
          ]
        },
        {
          "index_key": 1,
          "schema_version": 1,
          "attributes": {
            "arn": "arn:aws:ec2:us-east-1:201385125754:subnet/subnet-083d8a49ae653538a",
            "assign_ipv6_address_on_creation": false,
            "availability_zone": "us-east-1b",
            "availability_zone_id": "use1-az4",
            "cidr_block": "172.23.32.0/22",
            "customer_owned_ipv4_pool": "",
            "enable_dns64": false,
            "enable_resource_name_dns_a_record_on_launch": false,
            "enable_resource_name_dns_aaaa_record_on_launch": false,
            "id": "subnet-083d8a49ae653538a",
            "ipv6_cidr_block": "",
            "ipv6_cidr_block_association_id": "",
            "ipv6_native": false,
            "map_customer_owned_ip_on_launch": false,
            "map_public_ip_on_launch": false,
            "outpost_arn": "",
            "owner_id": "201385125754",
            "private_dns_hostname_type_on_launch": "ip-name",
            "tags": {
              "Name": "caldera-test_private"
            },
            "tags_all": {
              "Name": "caldera-test_private"
            },
            "timeouts": null,
            "vpc_id": "vpc-041c6f29540ce3a09"
          },
          "sensitive_attributes": [],
          "private": "eyJlMmJmYjczMC1lY2FhLTExZTYtOGY4OC0zNDM2M2JjN2M0YzAiOnsiY3JlYXRlIjo2MDAwMDAwMDAwMDAsImRlbGV0ZSI6MTIwMDAwMDAwMDAwMH0sInNjaGVtYV92ZXJzaW9uIjoiMSJ9",
          "dependencies": [
            "module.vpc.aws_vpc.this",
            "module.vpc.aws_vpc_ipv4_cidr_block_association.this"
          ]
        },
        {
          "index_key": 2,
          "schema_version": 1,
          "attributes": {
            "arn": "arn:aws:ec2:us-east-1:201385125754:subnet/subnet-05ff698c227b19fac",
            "assign_ipv6_address_on_creation": false,
            "availability_zone": "us-east-1c",
            "availability_zone_id": "use1-az6",
            "cidr_block": "172.23.64.0/22",
            "customer_owned_ipv4_pool": "",
            "enable_dns64": false,
            "enable_resource_name_dns_a_record_on_launch": false,
            "enable_resource_name_dns_aaaa_record_on_launch": false,
            "id": "subnet-05ff698c227b19fac",
            "ipv6_cidr_block": "",
            "ipv6_cidr_block_association_id": "",
            "ipv6_native": false,
            "map_customer_owned_ip_on_launch": false,
            "map_public_ip_on_launch": false,
            "outpost_arn": "",
            "owner_id": "201385125754",
            "private_dns_hostname_type_on_launch": "ip-name",
            "tags": {
              "Name": "caldera-test_private"
            },
            "tags_all": {
              "Name": "caldera-test_private"
            },
            "timeouts": null,
            "vpc_id": "vpc-041c6f29540ce3a09"
          },
          "sensitive_attributes": [],
          "private": "eyJlMmJmYjczMC1lY2FhLTExZTYtOGY4OC0zNDM2M2JjN2M0YzAiOnsiY3JlYXRlIjo2MDAwMDAwMDAwMDAsImRlbGV0ZSI6MTIwMDAwMDAwMDAwMH0sInNjaGVtYV92ZXJzaW9uIjoiMSJ9",
          "dependencies": [
            "module.vpc.aws_vpc.this",
            "module.vpc.aws_vpc_ipv4_cidr_block_association.this"
          ]
        },
        {
          "index_key": 3,
          "schema_version": 1,
          "attributes": {
            "arn": "arn:aws:ec2:us-east-1:201385125754:subnet/subnet-0196cd55be6904b30",
            "assign_ipv6_address_on_creation": false,
            "availability_zone": "us-east-1d",
            "availability_zone_id": "use1-az1",
            "cidr_block": "172.23.96.0/22",
            "customer_owned_ipv4_pool": "",
            "enable_dns64": false,
            "enable_resource_name_dns_a_record_on_launch": false,
            "enable_resource_name_dns_aaaa_record_on_launch": false,
            "id": "subnet-0196cd55be6904b30",
            "ipv6_cidr_block": "",
            "ipv6_cidr_block_association_id": "",
            "ipv6_native": false,
            "map_customer_owned_ip_on_launch": false,
            "map_public_ip_on_launch": false,
            "outpost_arn": "",
            "owner_id": "201385125754",
            "private_dns_hostname_type_on_launch": "ip-name",
            "tags": {
              "Name": "caldera-test_private"
            },
            "tags_all": {
              "Name": "caldera-test_private"
            },
            "timeouts": null,
            "vpc_id": "vpc-041c6f29540ce3a09"
          },
          "sensitive_attributes": [],
          "private": "eyJlMmJmYjczMC1lY2FhLTExZTYtOGY4OC0zNDM2M2JjN2M0YzAiOnsiY3JlYXRlIjo2MDAwMDAwMDAwMDAsImRlbGV0ZSI6MTIwMDAwMDAwMDAwMH0sInNjaGVtYV92ZXJzaW9uIjoiMSJ9",
          "dependencies": [
            "module.vpc.aws_vpc.this",
            "module.vpc.aws_vpc_ipv4_cidr_block_association.this"
          ]
        },
        {
          "index_key": 4,
          "schema_version": 1,
          "attributes": {
            "arn": "arn:aws:ec2:us-east-1:201385125754:subnet/subnet-02699fc53bbd3c1f5",
            "assign_ipv6_address_on_creation": false,
            "availability_zone": "us-east-1f",
            "availability_zone_id": "use1-az5",
            "cidr_block": "172.23.160.0/22",
            "customer_owned_ipv4_pool": "",
            "enable_dns64": false,
            "enable_resource_name_dns_a_record_on_launch": false,
            "enable_resource_name_dns_aaaa_record_on_launch": false,
            "id": "subnet-02699fc53bbd3c1f5",
            "ipv6_cidr_block": "",
            "ipv6_cidr_block_association_id": "",
            "ipv6_native": false,
            "map_customer_owned_ip_on_launch": false,
            "map_public_ip_on_launch": false,
            "outpost_arn": "",
            "owner_id": "201385125754",
            "private_dns_hostname_type_on_launch": "ip-name",
            "tags": {
              "Name": "caldera-test_private"
            },
            "tags_all": {
              "Name": "caldera-test_private"
            },
            "timeouts": null,
            "vpc_id": "vpc-041c6f29540ce3a09"
          },
          "sensitive_attributes": [],
          "private": "eyJlMmJmYjczMC1lY2FhLTExZTYtOGY4OC0zNDM2M2JjN2M0YzAiOnsiY3JlYXRlIjo2MDAwMDAwMDAwMDAsImRlbGV0ZSI6MTIwMDAwMDAwMDAwMH0sInNjaGVtYV92ZXJzaW9uIjoiMSJ9",
          "dependencies": [
            "module.vpc.aws_vpc.this",
            "module.vpc.aws_vpc_ipv4_cidr_block_association.this"
          ]
        }
      ]
    },
    {
      "module": "module.vpc",
      "mode": "managed",
      "type": "aws_subnet",
      "name": "public",
      "provider": "provider[\"registry.terraform.io/hashicorp/aws\"]",
      "instances": [
        {
          "index_key": 0,
          "schema_version": 1,
          "attributes": {
            "arn": "arn:aws:ec2:us-east-1:201385125754:subnet/subnet-03ea91a934cb7efad",
            "assign_ipv6_address_on_creation": false,
            "availability_zone": "us-east-1a",
            "availability_zone_id": "use1-az2",
            "cidr_block": "172.23.4.0/22",
            "customer_owned_ipv4_pool": "",
            "enable_dns64": false,
            "enable_resource_name_dns_a_record_on_launch": false,
            "enable_resource_name_dns_aaaa_record_on_launch": false,
            "id": "subnet-03ea91a934cb7efad",
            "ipv6_cidr_block": "",
            "ipv6_cidr_block_association_id": "",
            "ipv6_native": false,
            "map_customer_owned_ip_on_launch": false,
            "map_public_ip_on_launch": true,
            "outpost_arn": "",
            "owner_id": "201385125754",
            "private_dns_hostname_type_on_launch": "ip-name",
            "tags": {
              "Name": "caldera-test_public"
            },
            "tags_all": {
              "Name": "caldera-test_public"
            },
            "timeouts": null,
            "vpc_id": "vpc-041c6f29540ce3a09"
          },
          "sensitive_attributes": [],
          "private": "eyJlMmJmYjczMC1lY2FhLTExZTYtOGY4OC0zNDM2M2JjN2M0YzAiOnsiY3JlYXRlIjo2MDAwMDAwMDAwMDAsImRlbGV0ZSI6MTIwMDAwMDAwMDAwMH0sInNjaGVtYV92ZXJzaW9uIjoiMSJ9",
          "dependencies": [
            "module.vpc.aws_vpc.this",
            "module.vpc.aws_vpc_ipv4_cidr_block_association.this"
          ]
        },
        {
          "index_key": 1,
          "schema_version": 1,
          "attributes": {
            "arn": "arn:aws:ec2:us-east-1:201385125754:subnet/subnet-0c6d8d6015a874c39",
            "assign_ipv6_address_on_creation": false,
            "availability_zone": "us-east-1b",
            "availability_zone_id": "use1-az4",
            "cidr_block": "172.23.36.0/22",
            "customer_owned_ipv4_pool": "",
            "enable_dns64": false,
            "enable_resource_name_dns_a_record_on_launch": false,
            "enable_resource_name_dns_aaaa_record_on_launch": false,
            "id": "subnet-0c6d8d6015a874c39",
            "ipv6_cidr_block": "",
            "ipv6_cidr_block_association_id": "",
            "ipv6_native": false,
            "map_customer_owned_ip_on_launch": false,
            "map_public_ip_on_launch": true,
            "outpost_arn": "",
            "owner_id": "201385125754",
            "private_dns_hostname_type_on_launch": "ip-name",
            "tags": {
              "Name": "caldera-test_public"
            },
            "tags_all": {
              "Name": "caldera-test_public"
            },
            "timeouts": null,
            "vpc_id": "vpc-041c6f29540ce3a09"
          },
          "sensitive_attributes": [],
          "private": "eyJlMmJmYjczMC1lY2FhLTExZTYtOGY4OC0zNDM2M2JjN2M0YzAiOnsiY3JlYXRlIjo2MDAwMDAwMDAwMDAsImRlbGV0ZSI6MTIwMDAwMDAwMDAwMH0sInNjaGVtYV92ZXJzaW9uIjoiMSJ9",
          "dependencies": [
            "module.vpc.aws_vpc.this",
            "module.vpc.aws_vpc_ipv4_cidr_block_association.this"
          ]
        },
        {
          "index_key": 2,
          "schema_version": 1,
          "attributes": {
            "arn": "arn:aws:ec2:us-east-1:201385125754:subnet/subnet-01c01b3e076fa0a05",
            "assign_ipv6_address_on_creation": false,
            "availability_zone": "us-east-1c",
            "availability_zone_id": "use1-az6",
            "cidr_block": "172.23.68.0/22",
            "customer_owned_ipv4_pool": "",
            "enable_dns64": false,
            "enable_resource_name_dns_a_record_on_launch": false,
            "enable_resource_name_dns_aaaa_record_on_launch": false,
            "id": "subnet-01c01b3e076fa0a05",
            "ipv6_cidr_block": "",
            "ipv6_cidr_block_association_id": "",
            "ipv6_native": false,
            "map_customer_owned_ip_on_launch": false,
            "map_public_ip_on_launch": true,
            "outpost_arn": "",
            "owner_id": "201385125754",
            "private_dns_hostname_type_on_launch": "ip-name",
            "tags": {
              "Name": "caldera-test_public"
            },
            "tags_all": {
              "Name": "caldera-test_public"
            },
            "timeouts": null,
            "vpc_id": "vpc-041c6f29540ce3a09"
          },
          "sensitive_attributes": [],
          "private": "eyJlMmJmYjczMC1lY2FhLTExZTYtOGY4OC0zNDM2M2JjN2M0YzAiOnsiY3JlYXRlIjo2MDAwMDAwMDAwMDAsImRlbGV0ZSI6MTIwMDAwMDAwMDAwMH0sInNjaGVtYV92ZXJzaW9uIjoiMSJ9",
          "dependencies": [
            "module.vpc.aws_vpc.this",
            "module.vpc.aws_vpc_ipv4_cidr_block_association.this"
          ]
        },
        {
          "index_key": 3,
          "schema_version": 1,
          "attributes": {
            "arn": "arn:aws:ec2:us-east-1:201385125754:subnet/subnet-008af5ecc745705fa",
            "assign_ipv6_address_on_creation": false,
            "availability_zone": "us-east-1d",
            "availability_zone_id": "use1-az1",
            "cidr_block": "172.23.100.0/22",
            "customer_owned_ipv4_pool": "",
            "enable_dns64": false,
            "enable_resource_name_dns_a_record_on_launch": false,
            "enable_resource_name_dns_aaaa_record_on_launch": false,
            "id": "subnet-008af5ecc745705fa",
            "ipv6_cidr_block": "",
            "ipv6_cidr_block_association_id": "",
            "ipv6_native": false,
            "map_customer_owned_ip_on_launch": false,
            "map_public_ip_on_launch": true,
            "outpost_arn": "",
            "owner_id": "201385125754",
            "private_dns_hostname_type_on_launch": "ip-name",
            "tags": {
              "Name": "caldera-test_public"
            },
            "tags_all": {
              "Name": "caldera-test_public"
            },
            "timeouts": null,
            "vpc_id": "vpc-041c6f29540ce3a09"
          },
          "sensitive_attributes": [],
          "private": "eyJlMmJmYjczMC1lY2FhLTExZTYtOGY4OC0zNDM2M2JjN2M0YzAiOnsiY3JlYXRlIjo2MDAwMDAwMDAwMDAsImRlbGV0ZSI6MTIwMDAwMDAwMDAwMH0sInNjaGVtYV92ZXJzaW9uIjoiMSJ9",
          "dependencies": [
            "module.vpc.aws_vpc.this",
            "module.vpc.aws_vpc_ipv4_cidr_block_association.this"
          ]
        },
        {
          "index_key": 4,
          "schema_version": 1,
          "attributes": {
            "arn": "arn:aws:ec2:us-east-1:201385125754:subnet/subnet-0fe864d8294bb835d",
            "assign_ipv6_address_on_creation": false,
            "availability_zone": "us-east-1f",
            "availability_zone_id": "use1-az5",
            "cidr_block": "172.23.164.0/22",
            "customer_owned_ipv4_pool": "",
            "enable_dns64": false,
            "enable_resource_name_dns_a_record_on_launch": false,
            "enable_resource_name_dns_aaaa_record_on_launch": false,
            "id": "subnet-0fe864d8294bb835d",
            "ipv6_cidr_block": "",
            "ipv6_cidr_block_association_id": "",
            "ipv6_native": false,
            "map_customer_owned_ip_on_launch": false,
            "map_public_ip_on_launch": true,
            "outpost_arn": "",
            "owner_id": "201385125754",
            "private_dns_hostname_type_on_launch": "ip-name",
            "tags": {
              "Name": "caldera-test_public"
            },
            "tags_all": {
              "Name": "caldera-test_public"
            },
            "timeouts": null,
            "vpc_id": "vpc-041c6f29540ce3a09"
          },
          "sensitive_attributes": [],
          "private": "eyJlMmJmYjczMC1lY2FhLTExZTYtOGY4OC0zNDM2M2JjN2M0YzAiOnsiY3JlYXRlIjo2MDAwMDAwMDAwMDAsImRlbGV0ZSI6MTIwMDAwMDAwMDAwMH0sInNjaGVtYV92ZXJzaW9uIjoiMSJ9",
          "dependencies": [
            "module.vpc.aws_vpc.this",
            "module.vpc.aws_vpc_ipv4_cidr_block_association.this"
          ]
        }
      ]
    },
    {
      "module": "module.vpc",
      "mode": "managed",
      "type": "aws_vpc",
      "name": "this",
      "provider": "provider[\"registry.terraform.io/hashicorp/aws\"]",
      "instances": [
        {
          "index_key": 0,
          "schema_version": 1,
          "attributes": {
            "arn": "arn:aws:ec2:us-east-1:201385125754:vpc/vpc-041c6f29540ce3a09",
            "assign_generated_ipv6_cidr_block": false,
            "cidr_block": "172.23.0.0/16",
            "default_network_acl_id": "acl-0b474077f8b3832d4",
            "default_route_table_id": "rtb-06c2efb46e921916e",
            "default_security_group_id": "sg-052c62fe3807f326f",
            "dhcp_options_id": "dopt-0842220e104f3834b",
            "enable_classiclink": false,
            "enable_classiclink_dns_support": false,
            "enable_dns_hostnames": true,
            "enable_dns_support": true,
            "id": "vpc-041c6f29540ce3a09",
            "instance_tenancy": "default",
            "ipv4_ipam_pool_id": null,
            "ipv4_netmask_length": null,
            "ipv6_association_id": "",
            "ipv6_cidr_block": "",
            "ipv6_cidr_block_network_border_group": "",
            "ipv6_ipam_pool_id": "",
            "ipv6_netmask_length": 0,
            "main_route_table_id": "rtb-06c2efb46e921916e",
            "owner_id": "201385125754",
            "tags": {
              "Name": "VPC"
            },
            "tags_all": {
              "Name": "VPC"
            }
          },
          "sensitive_attributes": [],
          "private": "eyJzY2hlbWFfdmVyc2lvbiI6IjEifQ=="
        }
      ]
    }
  ]
}
