{
  "version": 4,
  "terraform_version": "1.2.4",
  "serial": 194,
  "lineage": "7e20807a-6d26-8088-7dfa-9edfb6bb727f",
  "outputs": {},
  "resources": [
    {
      "module": "module.vnet",
      "mode": "data",
      "type": "azurerm_resource_group",
      "name": "vnet",
      "provider": "provider[\"registry.terraform.io/hashicorp/azurerm\"]",
      "instances": [
        {
          "schema_version": 0,
          "attributes": {
            "id": "/subscriptions/670ffd18-4670-4677-bab2-25d97590d25e/resourceGroups/pruebas-caldera",
            "location": "norwayeast",
            "name": "pruebas-caldera",
            "tags": {},
            "timeouts": null
          },
          "sensitive_attributes": []
        }
      ]
    },
    {
      "module": "module.vnet",
      "mode": "managed",
      "type": "azurerm_subnet",
      "name": "subnet",
      "provider": "provider[\"registry.terraform.io/hashicorp/azurerm\"]",
      "instances": [
        {
          "index_key": 0,
          "schema_version": 0,
          "attributes": {
            "address_prefixes": [
              "172.23.0.0/19"
            ],
            "delegation": [],
            "enforce_private_link_endpoint_network_policies": false,
            "enforce_private_link_service_network_policies": false,
            "id": "/subscriptions/670ffd18-4670-4677-bab2-25d97590d25e/resourceGroups/pruebas-caldera/providers/Microsoft.Network/virtualNetworks/acctvnet/subnets/subnet1",
            "name": "subnet1",
            "private_endpoint_network_policies_enabled": true,
            "private_link_service_network_policies_enabled": true,
            "resource_group_name": "pruebas-caldera",
            "service_endpoint_policy_ids": [],
            "service_endpoints": [],
            "timeouts": null,
            "virtual_network_name": "acctvnet"
          },
          "sensitive_attributes": [],
          "private": "eyJlMmJmYjczMC1lY2FhLTExZTYtOGY4OC0zNDM2M2JjN2M0YzAiOnsiY3JlYXRlIjoxODAwMDAwMDAwMDAwLCJkZWxldGUiOjE4MDAwMDAwMDAwMDAsInJlYWQiOjMwMDAwMDAwMDAwMCwidXBkYXRlIjoxODAwMDAwMDAwMDAwfX0=",
          "dependencies": [
            "module.vnet.azurerm_virtual_network.vnet",
            "module.vnet.data.azurerm_resource_group.vnet"
          ]
        }
      ]
    },
    {
      "module": "module.vnet",
      "mode": "managed",
      "type": "azurerm_virtual_network",
      "name": "vnet",
      "provider": "provider[\"registry.terraform.io/hashicorp/azurerm\"]",
      "instances": [
        {
          "schema_version": 0,
          "attributes": {
            "address_space": [
              "172.23.0.0/16"
            ],
            "bgp_community": "",
            "ddos_protection_plan": [],
            "dns_servers": [],
            "edge_zone": "",
            "flow_timeout_in_minutes": 0,
            "guid": "f3b9c230-12ac-42a8-983a-333d0cb2d9d0",
            "id": "/subscriptions/670ffd18-4670-4677-bab2-25d97590d25e/resourceGroups/pruebas-caldera/providers/Microsoft.Network/virtualNetworks/acctvnet",
            "location": "norwayeast",
            "name": "acctvnet",
            "resource_group_name": "pruebas-caldera",
            "subnet": [
              {
                "address_prefix": "172.23.0.0/19",
                "id": "/subscriptions/670ffd18-4670-4677-bab2-25d97590d25e/resourceGroups/pruebas-caldera/providers/Microsoft.Network/virtualNetworks/acctvnet/subnets/subnet1",
                "name": "subnet1",
                "security_group": ""
              },
              {
                "address_prefix": "172.23.32.0/19",
                "id": "/subscriptions/670ffd18-4670-4677-bab2-25d97590d25e/resourceGroups/pruebas-caldera/providers/Microsoft.Network/virtualNetworks/acctvnet/subnets/subnet2",
                "name": "subnet2",
                "security_group": ""
              },
              {
                "address_prefix": "172.23.64.0/19",
                "id": "/subscriptions/670ffd18-4670-4677-bab2-25d97590d25e/resourceGroups/pruebas-caldera/providers/Microsoft.Network/virtualNetworks/acctvnet/subnets/subnet3",
                "name": "subnet3",
                "security_group": ""
              }
            ],
            "tags": {
              "environment": "caldera-test"
            },
            "timeouts": null
          },
          "sensitive_attributes": [],
          "private": "eyJlMmJmYjczMC1lY2FhLTExZTYtOGY4OC0zNDM2M2JjN2M0YzAiOnsiY3JlYXRlIjoxODAwMDAwMDAwMDAwLCJkZWxldGUiOjE4MDAwMDAwMDAwMDAsInJlYWQiOjMwMDAwMDAwMDAwMCwidXBkYXRlIjoxODAwMDAwMDAwMDAwfX0=",
          "dependencies": [
            "module.vnet.data.azurerm_resource_group.vnet"
          ]
        }
      ]
    }
  ]
}
